{
  "version": 4,
  "terraform_version": "0.12.2",
  "serial": 258,
  "lineage": "e05ac5fe-9a52-a058-fa84-c98012a6fa07",
  "outputs": {},
  "resources": [
    {
      "mode": "data",
      "type": "github_team",
      "name": "core",
      "provider": "provider.github",
      "instances": [
        {
          "schema_version": 0,
          "attributes": {
            "description": "Verify tech team: verify-tech-team-core",
            "id": "2826122",
            "members": [
              "idrop",
              "46bit",
              "galund",
              "issyl0",
              "mrwilson",
              "philandstuff",
              "chrisholmes",
              "Krenair",
              "thomasalanlee",
              "tlwr",
              "kerrr",
              "instantiator",
              "zilnhoj",
              "Todai88",
              "robinmitra",
              "brenetic",
              "nacnudus",
              "CharlesIC",
              "jkunle",
              "sakisv",
              "ronocg",
              "Rosa-Fox",
              "AnneCarr",
              "ida-build-bot",
              "chrisclayson",
              "blairboy362",
              "Wynndow",
              "andy-paine",
              "tomrosier",
              "bjgill"
            ],
            "name": "verify-tech-team-core",
            "permission": "pull",
            "privacy": "closed",
            "slug": "verify-tech-team-core"
          }
        }
      ]
    },
    {
      "mode": "data",
      "type": "github_team",
      "name": "eidas",
      "provider": "provider.github",
      "instances": [
        {
          "schema_version": 0,
          "attributes": {
            "description": "Verify tech team: verify-tech-team-eidas",
            "id": "2826126",
            "members": [
              "idrop",
              "chrisholmes",
              "thomasalanlee",
              "instantiator",
              "CharlesIC",
              "ida-build-bot",
              "blairboy362",
              "Wynndow",
              "tomrosier",
              "benjamin-mortimer",
              "JHjava",
              "dbes-gds",
              "JohnWattsGDS",
              "ida-codacy-bot"
            ],
            "name": "verify-tech-team-eidas",
            "permission": "pull",
            "privacy": "closed",
            "slug": "verify-tech-team-eidas"
          }
        }
      ]
    },
    {
      "mode": "data",
      "type": "github_team",
      "name": "infrastructure",
      "provider": "provider.github",
      "instances": [
        {
          "schema_version": 0,
          "attributes": {
            "description": "Verify tech team: verify-tech-team-infrastructure",
            "id": "2826127",
            "members": [
              "46bit",
              "issyl0",
              "philandstuff",
              "chrisholmes",
              "Krenair",
              "thomasalanlee",
              "mmhmm",
              "tlwr",
              "sakisv",
              "stephengrier",
              "smford",
              "blairboy362",
              "andy-paine",
              "jstandring-gds",
              "adityapahuja",
              "rhowe-gds",
              "szd55gds"
            ],
            "name": "verify-tech-team-infrastructure",
            "permission": "pull",
            "privacy": "closed",
            "slug": "verify-tech-team-infrastructure"
          }
        }
      ]
    },
    {
      "module": "module.repo_verify_release_automation",
      "mode": "managed",
      "type": "github_branch_protection",
      "name": "repo_protect_master",
      "each": "list",
      "provider": "provider.github",
      "instances": [
        {
          "index_key": 0,
          "schema_version": 0,
          "attributes": {
            "branch": "master",
            "enforce_admins": false,
            "etag": "W/\"53c5be1cf311914ae0f72e796369eaf1\"",
            "id": "verify-release-automation:master",
            "repository": "verify-release-automation",
            "required_pull_request_reviews": [
              {
                "dismiss_stale_reviews": true,
                "dismissal_teams": [],
                "dismissal_users": [],
                "include_admins": false,
                "require_code_owner_reviews": false,
                "required_approving_review_count": 2
              }
            ],
            "required_status_checks": [],
            "restrictions": []
          }
        }
      ]
    },
    {
      "module": "module.repo_verify_frontend",
      "mode": "managed",
      "type": "github_branch_protection",
      "name": "repo_protect_master",
      "each": "list",
      "provider": "provider.github",
      "instances": [
        {
          "index_key": 0,
          "schema_version": 0,
          "attributes": {
            "branch": "master",
            "enforce_admins": false,
            "etag": "W/\"1abb28a4cbb22fd4f0023a3c99716808\"",
            "id": "verify-frontend:master",
            "repository": "verify-frontend",
            "required_pull_request_reviews": [
              {
                "dismiss_stale_reviews": true,
                "dismissal_teams": [],
                "dismissal_users": [],
                "include_admins": false,
                "require_code_owner_reviews": false,
                "required_approving_review_count": 2
              }
            ],
            "required_status_checks": [],
            "restrictions": []
          }
        }
      ]
    },
    {
      "module": "module.repo_verify_infrastructure",
      "mode": "managed",
      "type": "github_branch_protection",
      "name": "repo_protect_master",
      "each": "list",
      "provider": "provider.github",
      "instances": [
        {
          "index_key": 0,
          "schema_version": 0,
          "attributes": {
            "branch": "master",
            "enforce_admins": false,
            "etag": "W/\"437146fdb833dd051a52fb9a3b5dfdb5\"",
            "id": "verify-infrastructure:master",
            "repository": "verify-infrastructure",
            "required_pull_request_reviews": [
              {
                "dismiss_stale_reviews": true,
                "dismissal_teams": [],
                "dismissal_users": [],
                "include_admins": false,
                "require_code_owner_reviews": false,
                "required_approving_review_count": 2
              }
            ],
            "required_status_checks": [],
            "restrictions": []
          },
          "depends_on": [
            "github_repository.repo"
          ]
        }
      ]
    },
    {
      "module": "module.repo_verify_service_provider",
      "mode": "managed",
      "type": "github_branch_protection",
      "name": "repo_protect_master",
      "each": "list",
      "provider": "provider.github",
      "instances": [
        {
          "index_key": 0,
          "schema_version": 0,
          "attributes": {
            "branch": "master",
            "enforce_admins": false,
            "etag": "W/\"275b07187787a1a3e023b666ff76715f\"",
            "id": "verify-service-provider:master",
            "repository": "verify-service-provider",
            "required_pull_request_reviews": [
              {
                "dismiss_stale_reviews": true,
                "dismissal_teams": [],
                "dismissal_users": [],
                "include_admins": false,
                "require_code_owner_reviews": false,
                "required_approving_review_count": 2
              }
            ],
            "required_status_checks": [],
            "restrictions": []
          }
        }
      ]
    },
    {
      "module": "module.repo_verify_event_recorder_service",
      "mode": "managed",
      "type": "github_branch_protection",
      "name": "repo_protect_master",
      "each": "list",
      "provider": "provider.github",
      "instances": [
        {
          "index_key": 0,
          "schema_version": 0,
          "attributes": {
            "branch": "master",
            "enforce_admins": false,
            "etag": "W/\"05d6a419176bbd7c975749ebb58ac992\"",
            "id": "verify-event-recorder-service:master",
            "repository": "verify-event-recorder-service",
            "required_pull_request_reviews": [
              {
                "dismiss_stale_reviews": true,
                "dismissal_teams": [],
                "dismissal_users": [],
                "include_admins": false,
                "require_code_owner_reviews": false,
                "required_approving_review_count": 2
              }
            ],
            "required_status_checks": [],
            "restrictions": []
          },
          "depends_on": [
            "github_repository.repo"
          ]
        }
      ]
    },
    {
      "module": "module.repo_verify_proxy_node",
      "mode": "managed",
      "type": "github_branch_protection",
      "name": "repo_protect_master",
      "each": "list",
      "provider": "provider.github",
      "instances": [
        {
          "index_key": 0,
          "schema_version": 0,
          "attributes": {
            "branch": "master",
            "enforce_admins": false,
            "etag": "W/\"5141c4e17233ac13e14b79173e6d8815\"",
            "id": "verify-proxy-node:master",
            "repository": "verify-proxy-node",
            "required_pull_request_reviews": [
              {
                "dismiss_stale_reviews": true,
                "dismissal_teams": [],
                "dismissal_users": [],
                "include_admins": false,
                "require_code_owner_reviews": false,
                "required_approving_review_count": 2
              }
            ],
            "required_status_checks": [],
            "restrictions": []
          },
          "depends_on": [
            "github_repository.repo"
          ]
        }
      ]
    },
    {
      "module": "module.repo_ida_hub_support",
      "mode": "managed",
      "type": "github_branch_protection",
      "name": "repo_protect_master",
      "each": "list",
      "provider": "provider.github",
      "instances": [
        {
          "index_key": 0,
          "schema_version": 0,
          "attributes": {
            "branch": "master",
            "enforce_admins": false,
            "etag": "W/\"58eac6c25afc2c0096b2bfae29b8798c\"",
            "id": "ida-hub-support:master",
            "repository": "ida-hub-support",
            "required_pull_request_reviews": [
              {
                "dismiss_stale_reviews": true,
                "dismissal_teams": [],
                "dismissal_users": [],
                "include_admins": false,
                "require_code_owner_reviews": false,
                "required_approving_review_count": 2
              }
            ],
            "required_status_checks": [],
            "restrictions": []
          }
        }
      ]
    },
    {
      "module": "module.repo_verify_token_service",
      "mode": "managed",
      "type": "github_branch_protection",
      "name": "repo_protect_master",
      "each": "list",
      "provider": "provider.github",
      "instances": [
        {
          "index_key": 0,
          "schema_version": 0,
          "attributes": {
            "branch": "master",
            "enforce_admins": false,
            "etag": "W/\"4f7f5e0fb3afaffe843daeb27f5643d4\"",
            "id": "verify-token-service:master",
            "repository": "verify-token-service",
            "required_pull_request_reviews": [
              {
                "dismiss_stale_reviews": true,
                "dismissal_teams": [],
                "dismissal_users": [],
                "include_admins": false,
                "require_code_owner_reviews": false,
                "required_approving_review_count": 2
              }
            ],
            "required_status_checks": [],
            "restrictions": []
          }
        }
      ]
    },
    {
      "module": "module.repo_verify_hub_federation_config",
      "mode": "managed",
      "type": "github_branch_protection",
      "name": "repo_protect_master",
      "each": "list",
      "provider": "provider.github",
      "instances": [
        {
          "index_key": 0,
          "schema_version": 0,
          "attributes": {
            "branch": "master",
            "enforce_admins": false,
            "etag": "W/\"ef768a9d80c5740f1e091f26a35ee445\"",
            "id": "verify-hub-federation-config:master",
            "repository": "verify-hub-federation-config",
            "required_pull_request_reviews": [
              {
                "dismiss_stale_reviews": true,
                "dismissal_teams": [],
                "dismissal_users": [],
                "include_admins": false,
                "require_code_owner_reviews": false,
                "required_approving_review_count": 2
              }
            ],
            "required_status_checks": [],
            "restrictions": []
          }
        }
      ]
    },
    {
      "module": "module.repo_verify_test_repo",
      "mode": "managed",
      "type": "github_branch_protection",
      "name": "repo_protect_master",
      "each": "list",
      "provider": "provider.github",
      "instances": [
        {
          "index_key": 0,
          "schema_version": 0,
          "attributes": {
            "branch": "master",
            "enforce_admins": false,
            "etag": "W/\"2c42309c6d562d3b3b77bcbbf3fc4f20\"",
            "id": "verify-test-repo:master",
            "repository": "verify-test-repo",
            "required_pull_request_reviews": [
              {
                "dismiss_stale_reviews": true,
                "dismissal_teams": [],
                "dismissal_users": [],
                "include_admins": false,
                "require_code_owner_reviews": false,
                "required_approving_review_count": 2
              }
            ],
            "required_status_checks": [],
            "restrictions": []
          }
        }
      ]
    },
    {
      "module": "module.repo_verify_idp_predictor",
      "mode": "managed",
      "type": "github_branch_protection",
      "name": "repo_protect_master",
      "each": "list",
      "provider": "provider.github",
      "instances": [
        {
          "index_key": 0,
          "schema_version": 0,
          "attributes": {
            "branch": "master",
            "enforce_admins": false,
            "etag": "W/\"dfa2199564b0266e70decc376325cc01\"",
            "id": "verify-idp-predictor:master",
            "repository": "verify-idp-predictor",
            "required_pull_request_reviews": [
              {
                "dismiss_stale_reviews": true,
                "dismissal_teams": [],
                "dismissal_users": [],
                "include_admins": false,
                "require_code_owner_reviews": false,
                "required_approving_review_count": 2
              }
            ],
            "required_status_checks": [],
            "restrictions": []
          },
          "depends_on": [
            "github_repository.repo"
          ]
        }
      ]
    },
    {
      "module": "module.repo_verify_stub_idp_federation_config",
      "mode": "managed",
      "type": "github_branch_protection",
      "name": "repo_protect_master",
      "each": "list",
      "provider": "provider.github",
      "instances": [
        {
          "index_key": 0,
          "schema_version": 0,
          "attributes": {
            "branch": "master",
            "enforce_admins": false,
            "etag": "W/\"ffd602a14dade6a4d2d74dcce44a63d7\"",
            "id": "verify-stub-idp-federation-config:master",
            "repository": "verify-stub-idp-federation-config",
            "required_pull_request_reviews": [
              {
                "dismiss_stale_reviews": true,
                "dismissal_teams": [],
                "dismissal_users": [],
                "include_admins": false,
                "require_code_owner_reviews": false,
                "required_approving_review_count": 2
              }
            ],
            "required_status_checks": [],
            "restrictions": []
          },
          "depends_on": [
            "github_repository.repo"
          ]
        }
      ]
    },
    {
      "module": "module.repo_verify_build_scripts",
      "mode": "managed",
      "type": "github_branch_protection",
      "name": "repo_protect_master",
      "each": "list",
      "provider": "provider.github",
      "instances": [
        {
          "index_key": 0,
          "schema_version": 0,
          "attributes": {
            "branch": "master",
            "enforce_admins": false,
            "etag": "W/\"942989736f69b39f6c41ee4206d407db\"",
            "id": "verify-build-scripts:master",
            "repository": "verify-build-scripts",
            "required_pull_request_reviews": [
              {
                "dismiss_stale_reviews": true,
                "dismissal_teams": [],
                "dismissal_users": [],
                "include_admins": false,
                "require_code_owner_reviews": false,
                "required_approving_review_count": 2
              }
            ],
            "required_status_checks": [],
            "restrictions": []
          },
          "depends_on": [
            "github_repository.repo"
          ]
        }
      ]
    },
    {
      "module": "module.repo_verify_support_form",
      "mode": "managed",
      "type": "github_branch_protection",
      "name": "repo_protect_master",
      "each": "list",
      "provider": "provider.github",
      "instances": [
        {
          "index_key": 0,
          "schema_version": 0,
          "attributes": {
            "branch": "master",
            "enforce_admins": false,
            "etag": "W/\"9deac3d0dbbff115c1035ace859b20c4\"",
            "id": "verify-support-form:master",
            "repository": "verify-support-form",
            "required_pull_request_reviews": [
              {
                "dismiss_stale_reviews": true,
                "dismissal_teams": [],
                "dismissal_users": [],
                "include_admins": false,
                "require_code_owner_reviews": false,
                "required_approving_review_count": 2
              }
            ],
            "required_status_checks": [],
            "restrictions": []
          }
        }
      ]
    },
    {
      "module": "module.repo_verify_proxy_node_infra",
      "mode": "managed",
      "type": "github_branch_protection",
      "name": "repo_protect_master",
      "each": "list",
      "provider": "provider.github",
      "instances": [
        {
          "index_key": 0,
          "schema_version": 0,
          "attributes": {
            "branch": "master",
            "enforce_admins": false,
            "etag": "W/\"f604a16b81a9791a7c82af8d048af9c0\"",
            "id": "verify-proxy-node-infra:master",
            "repository": "verify-proxy-node-infra",
            "required_pull_request_reviews": [
              {
                "dismiss_stale_reviews": true,
                "dismissal_teams": [],
                "dismissal_users": [],
                "include_admins": false,
                "require_code_owner_reviews": false,
                "required_approving_review_count": 2
              }
            ],
            "required_status_checks": [],
            "restrictions": []
          },
          "depends_on": [
            "github_repository.repo"
          ]
        }
      ]
    },
    {
      "module": "module.repo_verify_puppet",
      "mode": "managed",
      "type": "github_branch_protection",
      "name": "repo_protect_master",
      "each": "list",
      "provider": "provider.github",
      "instances": [
        {
          "index_key": 0,
          "schema_version": 0,
          "attributes": {
            "branch": "master",
            "enforce_admins": false,
            "etag": "W/\"863900a902bd879b864b3d9f16b833ed\"",
            "id": "verify-puppet:master",
            "repository": "verify-puppet",
            "required_pull_request_reviews": [
              {
                "dismiss_stale_reviews": true,
                "dismissal_teams": [],
                "dismissal_users": [],
                "include_admins": false,
                "require_code_owner_reviews": false,
                "required_approving_review_count": 2
              }
            ],
            "required_status_checks": [],
            "restrictions": []
          }
        }
      ]
    },
    {
      "module": "module.repo_verify_datascience_sandbox",
      "mode": "managed",
      "type": "github_branch_protection",
      "name": "repo_protect_master",
      "each": "list",
      "provider": "provider.github",
      "instances": [
        {
          "index_key": 0,
          "schema_version": 0,
          "attributes": {
            "branch": "master",
            "enforce_admins": false,
            "etag": "W/\"182b882333888c88c2a073b7d861cb3d\"",
            "id": "verify-datascience-sandbox:master",
            "repository": "verify-datascience-sandbox",
            "required_pull_request_reviews": [
              {
                "dismiss_stale_reviews": true,
                "dismissal_teams": [],
                "dismissal_users": [],
                "include_admins": false,
                "require_code_owner_reviews": false,
                "required_approving_review_count": 2
              }
            ],
            "required_status_checks": [],
            "restrictions": []
          },
          "depends_on": [
            "github_repository.repo"
          ]
        }
      ]
    },
    {
      "module": "module.repo_verify_german_eidas_middleware",
      "mode": "managed",
      "type": "github_branch_protection",
      "name": "repo_protect_master",
      "each": "list",
      "provider": "provider.github",
      "instances": [
        {
          "index_key": 0,
          "schema_version": 0,
          "attributes": {
            "branch": "master",
            "enforce_admins": false,
            "etag": "W/\"f81820a3f6c8d3ba3e48313d830ac7ac\"",
            "id": "verify-german-eidas-middleware:master",
            "repository": "verify-german-eidas-middleware",
            "required_pull_request_reviews": [
              {
                "dismiss_stale_reviews": true,
                "dismissal_teams": [],
                "dismissal_users": [],
                "include_admins": false,
                "require_code_owner_reviews": false,
                "required_approving_review_count": 2
              }
            ],
            "required_status_checks": [],
            "restrictions": []
          }
        }
      ]
    },
    {
      "module": "module.repo_verify_local_matching_service_example",
      "mode": "managed",
      "type": "github_branch_protection",
      "name": "repo_protect_master",
      "each": "list",
      "provider": "provider.github",
      "instances": [
        {
          "index_key": 0,
          "schema_version": 0,
          "attributes": {
            "branch": "master",
            "enforce_admins": false,
            "etag": "W/\"d3ead9db44336e1f2060c861c7e717f0\"",
            "id": "verify-local-matching-service-example:master",
            "repository": "verify-local-matching-service-example",
            "required_pull_request_reviews": [
              {
                "dismiss_stale_reviews": true,
                "dismissal_teams": [],
                "dismissal_users": [],
                "include_admins": false,
                "require_code_owner_reviews": false,
                "required_approving_review_count": 2
              }
            ],
            "required_status_checks": [],
            "restrictions": []
          }
        }
      ]
    },
    {
      "module": "module.repo_verify_eidas_metadata_aggregator",
      "mode": "managed",
      "type": "github_branch_protection",
      "name": "repo_protect_master",
      "each": "list",
      "provider": "provider.github",
      "instances": [
        {
          "index_key": 0,
          "schema_version": 0,
          "attributes": {
            "branch": "master",
            "enforce_admins": false,
            "etag": "W/\"c5e7b883c16ff6a7953c2ef106773b75\"",
            "id": "verify-eidas-metadata-aggregator:master",
            "repository": "verify-eidas-metadata-aggregator",
            "required_pull_request_reviews": [
              {
                "dismiss_stale_reviews": true,
                "dismissal_teams": [],
                "dismissal_users": [],
                "include_admins": false,
                "require_code_owner_reviews": false,
                "required_approving_review_count": 2
              }
            ],
            "required_status_checks": [],
            "restrictions": []
          },
          "depends_on": [
            "github_repository.repo"
          ]
        }
      ]
    },
    {
      "module": "module.repo_verify_blackbox_passwords",
      "mode": "managed",
      "type": "github_branch_protection",
      "name": "repo_protect_master",
      "each": "list",
      "provider": "provider.github",
      "instances": []
    },
    {
      "module": "module.repo_verify_event_emitter",
      "mode": "managed",
      "type": "github_branch_protection",
      "name": "repo_protect_master",
      "each": "list",
      "provider": "provider.github",
      "instances": [
        {
          "index_key": 0,
          "schema_version": 0,
          "attributes": {
            "branch": "master",
            "enforce_admins": false,
            "etag": "W/\"fdce119b837564ce7ed6e1b8255b2c33\"",
            "id": "verify-event-emitter:master",
            "repository": "verify-event-emitter",
            "required_pull_request_reviews": [
              {
                "dismiss_stale_reviews": true,
                "dismissal_teams": [],
                "dismissal_users": [],
                "include_admins": false,
                "require_code_owner_reviews": false,
                "required_approving_review_count": 2
              }
            ],
            "required_status_checks": [],
            "restrictions": []
          },
          "depends_on": [
            "github_repository.repo"
          ]
        }
      ]
    },
    {
      "module": "module.repo_verify_eidas_mw_run",
      "mode": "managed",
      "type": "github_branch_protection",
      "name": "repo_protect_master",
      "each": "list",
      "provider": "provider.github",
      "instances": [
        {
          "index_key": 0,
          "schema_version": 0,
          "attributes": {
            "branch": "master",
            "enforce_admins": false,
            "etag": "W/\"bbb511620efe7e48f9d3968daf9bccaf\"",
            "id": "verify-eidas-mw-run:master",
            "repository": "verify-eidas-mw-run",
            "required_pull_request_reviews": [
              {
                "dismiss_stale_reviews": true,
                "dismissal_teams": [],
                "dismissal_users": [],
                "include_admins": false,
                "require_code_owner_reviews": false,
                "required_approving_review_count": 2
              }
            ],
            "required_status_checks": [],
            "restrictions": []
          },
          "depends_on": [
            "github_repository.repo"
          ]
        }
      ]
    },
    {
      "module": "module.repo_passport_verify",
      "mode": "managed",
      "type": "github_branch_protection",
      "name": "repo_protect_master",
      "each": "list",
      "provider": "provider.github",
      "instances": [
        {
          "index_key": 0,
          "schema_version": 0,
          "attributes": {
            "branch": "master",
            "enforce_admins": false,
            "etag": "W/\"b9a229eee18031995b31c2c988246415\"",
            "id": "passport-verify:master",
            "repository": "passport-verify",
            "required_pull_request_reviews": [
              {
                "dismiss_stale_reviews": true,
                "dismissal_teams": [],
                "dismissal_users": [],
                "include_admins": false,
                "require_code_owner_reviews": false,
                "required_approving_review_count": 2
              }
            ],
            "required_status_checks": [],
            "restrictions": []
          }
        }
      ]
    },
    {
      "module": "module.repo_verify_stub_idp",
      "mode": "managed",
      "type": "github_branch_protection",
      "name": "repo_protect_master",
      "each": "list",
      "provider": "provider.github",
      "instances": [
        {
          "index_key": 0,
          "schema_version": 0,
          "attributes": {
            "branch": "master",
            "enforce_admins": false,
            "etag": "W/\"237f843549004a6d4bf1bdac80df6a10\"",
            "id": "verify-stub-idp:master",
            "repository": "verify-stub-idp",
            "required_pull_request_reviews": [
              {
                "dismiss_stale_reviews": true,
                "dismissal_teams": [],
                "dismissal_users": [],
                "include_admins": false,
                "require_code_owner_reviews": false,
                "required_approving_review_count": 2
              }
            ],
            "required_status_checks": [],
            "restrictions": []
          }
        }
      ]
    },
    {
      "module": "module.repo_verify_infrastructure_config",
      "mode": "managed",
      "type": "github_branch_protection",
      "name": "repo_protect_master",
      "each": "list",
      "provider": "provider.github",
      "instances": [
        {
          "index_key": 0,
          "schema_version": 0,
          "attributes": {
            "branch": "master",
            "enforce_admins": false,
            "etag": "W/\"cdaa29aba7e45802e3e1e3fbf523e683\"",
            "id": "verify-infrastructure-config:master",
            "repository": "verify-infrastructure-config",
            "required_pull_request_reviews": [
              {
                "dismiss_stale_reviews": true,
                "dismissal_teams": [],
                "dismissal_users": [],
                "include_admins": false,
                "require_code_owner_reviews": false,
                "required_approving_review_count": 2
              }
            ],
            "required_status_checks": [],
            "restrictions": []
          },
          "depends_on": [
            "github_repository.repo"
          ]
        }
      ]
    },
    {
      "module": "module.repo_verify_idp_pid_hasherator",
      "mode": "managed",
      "type": "github_branch_protection",
      "name": "repo_protect_master",
      "each": "list",
      "provider": "provider.github",
      "instances": [
        {
          "index_key": 0,
          "schema_version": 0,
          "attributes": {
            "branch": "master",
            "enforce_admins": false,
            "etag": "W/\"9ede09dc8042668e149d148582e5b112\"",
            "id": "verify-idp-pid-hasherator:master",
            "repository": "verify-idp-pid-hasherator",
            "required_pull_request_reviews": [
              {
                "dismiss_stale_reviews": true,
                "dismissal_teams": [],
                "dismissal_users": [],
                "include_admins": false,
                "require_code_owner_reviews": false,
                "required_approving_review_count": 2
              }
            ],
            "required_status_checks": [],
            "restrictions": []
          },
          "depends_on": [
            "github_repository.repo"
          ]
        }
      ]
    },
    {
      "module": "module.repo_verify_self_service",
      "mode": "managed",
      "type": "github_branch_protection",
      "name": "repo_protect_master",
      "each": "list",
      "provider": "provider.github",
      "instances": [
        {
          "index_key": 0,
          "schema_version": 0,
          "attributes": {
            "branch": "master",
            "enforce_admins": false,
            "etag": "W/\"1161b8d8f5be53aa564ada0ad44fd735\"",
            "id": "verify-self-service:master",
            "repository": "verify-self-service",
            "required_pull_request_reviews": [
              {
                "dismiss_stale_reviews": true,
                "dismissal_teams": [],
                "dismissal_users": [],
                "include_admins": false,
                "require_code_owner_reviews": false,
                "required_approving_review_count": 2
              }
            ],
            "required_status_checks": [],
            "restrictions": []
          },
          "depends_on": [
            "github_repository.repo"
          ]
        }
      ]
    },
    {
      "module": "module.repo_verify_data_pipeline",
      "mode": "managed",
      "type": "github_branch_protection",
      "name": "repo_protect_master",
      "each": "list",
      "provider": "provider.github",
      "instances": [
        {
          "index_key": 0,
          "schema_version": 0,
          "attributes": {
            "branch": "master",
            "enforce_admins": false,
            "etag": "W/\"9191cbb96b80e67ff08070f97f1f6c9b\"",
            "id": "verify-data-pipeline:master",
            "repository": "verify-data-pipeline",
            "required_pull_request_reviews": [
              {
                "dismiss_stale_reviews": true,
                "dismissal_teams": [],
                "dismissal_users": [],
                "include_admins": false,
                "require_code_owner_reviews": false,
                "required_approving_review_count": 2
              }
            ],
            "required_status_checks": [],
            "restrictions": []
          }
        }
      ]
    },
    {
      "module": "module.repo_ida_hub_acceptance_tests",
      "mode": "managed",
      "type": "github_branch_protection",
      "name": "repo_protect_master",
      "each": "list",
      "provider": "provider.github",
      "instances": [
        {
          "index_key": 0,
          "schema_version": 0,
          "attributes": {
            "branch": "master",
            "enforce_admins": false,
            "etag": "W/\"8a21b30b0e4c3f93c4a0dc50c4b3859d\"",
            "id": "ida-hub-acceptance-tests:master",
            "repository": "ida-hub-acceptance-tests",
            "required_pull_request_reviews": [
              {
                "dismiss_stale_reviews": true,
                "dismissal_teams": [],
                "dismissal_users": [],
                "include_admins": false,
                "require_code_owner_reviews": false,
                "required_approving_review_count": 2
              }
            ],
            "required_status_checks": [],
            "restrictions": []
          },
          "depends_on": [
            "github_repository.repo"
          ]
        }
      ]
    },
    {
      "module": "module.repo_verify_local_startup",
      "mode": "managed",
      "type": "github_branch_protection",
      "name": "repo_protect_master",
      "each": "list",
      "provider": "provider.github",
      "instances": [
        {
          "index_key": 0,
          "schema_version": 0,
          "attributes": {
            "branch": "master",
            "enforce_admins": false,
            "etag": "W/\"b241e8a13f55171f3dd75f4737e9464b\"",
            "id": "verify-local-startup:master",
            "repository": "verify-local-startup",
            "required_pull_request_reviews": [
              {
                "dismiss_stale_reviews": true,
                "dismissal_teams": [],
                "dismissal_users": [],
                "include_admins": false,
                "require_code_owner_reviews": false,
                "required_approving_review_count": 2
              }
            ],
            "required_status_checks": [],
            "restrictions": []
          },
          "depends_on": [
            "github_repository.repo"
          ]
        }
      ]
    },
    {
      "module": "module.repo_doc_checking",
      "mode": "managed",
      "type": "github_branch_protection",
      "name": "repo_protect_master",
      "each": "list",
      "provider": "provider.github",
      "instances": [
        {
          "index_key": 0,
          "schema_version": 0,
          "attributes": {
            "branch": "master",
            "enforce_admins": false,
            "etag": "W/\"342b51ac043da6092fab8af970362a01\"",
            "id": "doc-checking:master",
            "repository": "doc-checking",
            "required_pull_request_reviews": [
              {
                "dismiss_stale_reviews": true,
                "dismissal_teams": [],
                "dismissal_users": [],
                "include_admins": false,
                "require_code_owner_reviews": false,
                "required_approving_review_count": 2
              }
            ],
            "required_status_checks": [],
            "restrictions": []
          }
        }
      ]
    },
    {
      "module": "module.repo_verify_data_pipeline_config",
      "mode": "managed",
      "type": "github_branch_protection",
      "name": "repo_protect_master",
      "each": "list",
      "provider": "provider.github",
      "instances": [
        {
          "index_key": 0,
          "schema_version": 0,
          "attributes": {
            "branch": "master",
            "enforce_admins": false,
            "etag": "W/\"fa90fc324c74f34c5c4eb72663e0537f\"",
            "id": "verify-data-pipeline-config:master",
            "repository": "verify-data-pipeline-config",
            "required_pull_request_reviews": [
              {
                "dismiss_stale_reviews": true,
                "dismissal_teams": [],
                "dismissal_users": [],
                "include_admins": false,
                "require_code_owner_reviews": false,
                "required_approving_review_count": 2
              }
            ],
            "required_status_checks": [],
            "restrictions": []
          }
        }
      ]
    },
    {
      "module": "module.repo_verify_test_rp",
      "mode": "managed",
      "type": "github_branch_protection",
      "name": "repo_protect_master",
      "each": "list",
      "provider": "provider.github",
      "instances": [
        {
          "index_key": 0,
          "schema_version": 0,
          "attributes": {
            "branch": "master",
            "enforce_admins": false,
            "etag": "W/\"02639cfeb39f65da010b23e386a7c72a\"",
            "id": "verify-test-rp:master",
            "repository": "verify-test-rp",
            "required_pull_request_reviews": [
              {
                "dismiss_stale_reviews": true,
                "dismissal_teams": [],
                "dismissal_users": [],
                "include_admins": false,
                "require_code_owner_reviews": false,
                "required_approving_review_count": 2
              }
            ],
            "required_status_checks": [],
            "restrictions": []
          }
        }
      ]
    },
    {
      "module": "module.repo_verify_eidas_trust_anchor",
      "mode": "managed",
      "type": "github_branch_protection",
      "name": "repo_protect_master",
      "each": "list",
      "provider": "provider.github",
      "instances": [
        {
          "index_key": 0,
          "schema_version": 0,
          "attributes": {
            "branch": "master",
            "enforce_admins": false,
            "etag": "W/\"4744738bfbb4024440b087fdfa3f77db\"",
            "id": "verify-eidas-trust-anchor:master",
            "repository": "verify-eidas-trust-anchor",
            "required_pull_request_reviews": [
              {
                "dismiss_stale_reviews": true,
                "dismissal_teams": [],
                "dismissal_users": [],
                "include_admins": false,
                "require_code_owner_reviews": false,
                "required_approving_review_count": 2
              }
            ],
            "required_status_checks": [],
            "restrictions": []
          }
        }
      ]
    },
    {
      "module": "module.repo_metadata_checker",
      "mode": "managed",
      "type": "github_branch_protection",
      "name": "repo_protect_master",
      "each": "list",
      "provider": "provider.github",
      "instances": [
        {
          "index_key": 0,
          "schema_version": 0,
          "attributes": {
            "branch": "master",
            "enforce_admins": false,
            "etag": "W/\"64bc269eb2a467b652b9e53c3110b8cd\"",
            "id": "metadata-checker:master",
            "repository": "metadata-checker",
            "required_pull_request_reviews": [
              {
                "dismiss_stale_reviews": true,
                "dismissal_teams": [],
                "dismissal_users": [],
                "include_admins": false,
                "require_code_owner_reviews": false,
                "required_approving_review_count": 2
              }
            ],
            "required_status_checks": [],
            "restrictions": []
          },
          "depends_on": [
            "github_repository.repo"
          ]
        }
      ]
    },
    {
      "module": "module.repo_verify_product_page",
      "mode": "managed",
      "type": "github_branch_protection",
      "name": "repo_protect_master",
      "each": "list",
      "provider": "provider.github",
      "instances": [
        {
          "index_key": 0,
          "schema_version": 0,
          "attributes": {
            "branch": "master",
            "enforce_admins": false,
            "etag": "W/\"1f1ecc20465fa7f1edce951acdcb3277\"",
            "id": "verify-product-page:master",
            "repository": "verify-product-page",
            "required_pull_request_reviews": [
              {
                "dismiss_stale_reviews": true,
                "dismissal_teams": null,
                "dismissal_users": null,
                "include_admins": false,
                "require_code_owner_reviews": false,
                "required_approving_review_count": 2
              }
            ],
            "required_status_checks": [],
            "restrictions": []
          },
          "depends_on": [
            "github_repository.repo"
          ]
        }
      ]
    },
    {
      "module": "module.repo_verify_data_schemas",
      "mode": "managed",
      "type": "github_branch_protection",
      "name": "repo_protect_master",
      "each": "list",
      "provider": "provider.github",
      "instances": [
        {
          "index_key": 0,
          "schema_version": 0,
          "attributes": {
            "branch": "master",
            "enforce_admins": false,
            "etag": "W/\"f259e4b1e2b143ca6beb778621db10e3\"",
            "id": "verify-data-schemas:master",
            "repository": "verify-data-schemas",
            "required_pull_request_reviews": [
              {
                "dismiss_stale_reviews": true,
                "dismissal_teams": [],
                "dismissal_users": [],
                "include_admins": false,
                "require_code_owner_reviews": false,
                "required_approving_review_count": 2
              }
            ],
            "required_status_checks": [],
            "restrictions": []
          },
          "depends_on": [
            "github_repository.repo"
          ]
        }
      ]
    },
    {
      "module": "module.repo_verify_boxes",
      "mode": "managed",
      "type": "github_branch_protection",
      "name": "repo_protect_master",
      "each": "list",
      "provider": "provider.github",
      "instances": [
        {
          "index_key": 0,
          "schema_version": 0,
          "attributes": {
            "branch": "master",
            "enforce_admins": false,
            "etag": "W/\"ccb48b3c138a215b2e1d764be1ee1698\"",
            "id": "verify-boxes:master",
            "repository": "verify-boxes",
            "required_pull_request_reviews": [
              {
                "dismiss_stale_reviews": true,
                "dismissal_teams": [],
                "dismissal_users": [],
                "include_admins": false,
                "require_code_owner_reviews": false,
                "required_approving_review_count": 2
              }
            ],
            "required_status_checks": [],
            "restrictions": []
          }
        }
      ]
    },
    {
      "module": "module.repo_verify_utils_libs",
      "mode": "managed",
      "type": "github_branch_protection",
      "name": "repo_protect_master",
      "each": "list",
      "provider": "provider.github",
      "instances": [
        {
          "index_key": 0,
          "schema_version": 0,
          "attributes": {
            "branch": "master",
            "enforce_admins": false,
            "etag": "W/\"d09da4682e0687b68a0c246804c34c5d\"",
            "id": "verify-utils-libs:master",
            "repository": "verify-utils-libs",
            "required_pull_request_reviews": [
              {
                "dismiss_stale_reviews": true,
                "dismissal_teams": [],
                "dismissal_users": [],
                "include_admins": false,
                "require_code_owner_reviews": false,
                "required_approving_review_count": 2
              }
            ],
            "required_status_checks": [],
            "restrictions": []
          }
        }
      ]
    },
    {
      "module": "module.repo_dcs_performance_tests",
      "mode": "managed",
      "type": "github_branch_protection",
      "name": "repo_protect_master",
      "each": "list",
      "provider": "provider.github",
      "instances": [
        {
          "index_key": 0,
          "schema_version": 0,
          "attributes": {
            "branch": "master",
            "enforce_admins": false,
            "etag": "W/\"11fda5f46597c86f991ac0012c08ada5\"",
            "id": "dcs-performance-tests:master",
            "repository": "dcs-performance-tests",
            "required_pull_request_reviews": [
              {
                "dismiss_stale_reviews": true,
                "dismissal_teams": [],
                "dismissal_users": [],
                "include_admins": false,
                "require_code_owner_reviews": false,
                "required_approving_review_count": 2
              }
            ],
            "required_status_checks": [],
            "restrictions": []
          }
        }
      ]
    },
    {
      "module": "module.repo_dcs_client",
      "mode": "managed",
      "type": "github_branch_protection",
      "name": "repo_protect_master",
      "each": "list",
      "provider": "provider.github",
      "instances": [
        {
          "index_key": 0,
          "schema_version": 0,
          "attributes": {
            "branch": "master",
            "enforce_admins": false,
            "etag": "W/\"f96c9b45fb2df15a9a0c1f3ea8845ba8\"",
            "id": "dcs-client:master",
            "repository": "dcs-client",
            "required_pull_request_reviews": [
              {
                "dismiss_stale_reviews": true,
                "dismissal_teams": [],
                "dismissal_users": [],
                "include_admins": false,
                "require_code_owner_reviews": false,
                "required_approving_review_count": 2
              }
            ],
            "required_status_checks": [],
            "restrictions": []
          }
        }
      ]
    },
    {
      "module": "module.repo_ida_performance_tests",
      "mode": "managed",
      "type": "github_branch_protection",
      "name": "repo_protect_master",
      "each": "list",
      "provider": "provider.github",
      "instances": [
        {
          "index_key": 0,
          "schema_version": 0,
          "attributes": {
            "branch": "master",
            "enforce_admins": false,
            "etag": "W/\"ad47587ccffdbd87bc1e5adab2add90d\"",
            "id": "ida-performance-tests:master",
            "repository": "ida-performance-tests",
            "required_pull_request_reviews": [
              {
                "dismiss_stale_reviews": true,
                "dismissal_teams": null,
                "dismissal_users": null,
                "include_admins": false,
                "require_code_owner_reviews": false,
                "required_approving_review_count": 2
              }
            ],
            "required_status_checks": [],
            "restrictions": []
          },
          "private": "bnVsbA==",
          "depends_on": [
            "github_repository.repo"
          ]
        }
      ]
    },
    {
      "module": "module.repo_verify_dashing",
      "mode": "managed",
      "type": "github_branch_protection",
      "name": "repo_protect_master",
      "each": "list",
      "provider": "provider.github",
      "instances": []
    },
    {
      "module": "module.repo_verify_matching_service_adapter",
      "mode": "managed",
      "type": "github_branch_protection",
      "name": "repo_protect_master",
      "each": "list",
      "provider": "provider.github",
      "instances": [
        {
          "index_key": 0,
          "schema_version": 0,
          "attributes": {
            "branch": "master",
            "enforce_admins": false,
            "etag": "W/\"a8e965a27d9cb6e244e442151b394072\"",
            "id": "verify-matching-service-adapter:master",
            "repository": "verify-matching-service-adapter",
            "required_pull_request_reviews": [
              {
                "dismiss_stale_reviews": true,
                "dismissal_teams": [],
                "dismissal_users": [],
                "include_admins": false,
                "require_code_owner_reviews": false,
                "required_approving_review_count": 2
              }
            ],
            "required_status_checks": [],
            "restrictions": []
          }
        }
      ]
    },
    {
      "module": "module.repo_verify_tech_team",
      "mode": "managed",
      "type": "github_branch_protection",
      "name": "repo_protect_master",
      "each": "list",
      "provider": "provider.github",
      "instances": [
        {
          "index_key": 0,
          "schema_version": 0,
          "attributes": {
            "branch": "master",
            "enforce_admins": false,
            "etag": "W/\"bdd24bdcdfc31faa916bbed9497f02ab\"",
            "id": "verify-tech-team:master",
            "repository": "verify-tech-team",
            "required_pull_request_reviews": [
              {
                "dismiss_stale_reviews": true,
                "dismissal_teams": [],
                "dismissal_users": [],
                "include_admins": false,
                "require_code_owner_reviews": false,
                "required_approving_review_count": 2
              }
            ],
            "required_status_checks": [],
            "restrictions": []
          }
        }
      ]
    },
    {
      "module": "module.repo_verify_matomo_utils",
      "mode": "managed",
      "type": "github_branch_protection",
      "name": "repo_protect_master",
      "each": "list",
      "provider": "provider.github",
      "instances": [
        {
          "index_key": 0,
          "schema_version": 0,
          "attributes": {
            "branch": "master",
            "enforce_admins": false,
            "etag": "W/\"5d8ebfc38a3224e984df6d0f3efea170\"",
            "id": "verify-matomo-utils:master",
            "repository": "verify-matomo-utils",
            "required_pull_request_reviews": [
              {
                "dismiss_stale_reviews": true,
                "dismissal_teams": [],
                "dismissal_users": [],
                "include_admins": false,
                "require_code_owner_reviews": false,
                "required_approving_review_count": 2
              }
            ],
            "required_status_checks": [],
            "restrictions": []
          },
          "depends_on": [
            "github_repository.repo"
          ]
        }
      ]
    },
    {
      "module": "module.repo_verify_fabric",
      "mode": "managed",
      "type": "github_branch_protection",
      "name": "repo_protect_master",
      "each": "list",
      "provider": "provider.github",
      "instances": [
        {
          "index_key": 0,
          "schema_version": 0,
          "attributes": {
            "branch": "master",
            "enforce_admins": false,
            "etag": "W/\"089f98b6b74f51dbde55614235cc0faa\"",
            "id": "verify-fabric:master",
            "repository": "verify-fabric",
            "required_pull_request_reviews": [
              {
                "dismiss_stale_reviews": true,
                "dismissal_teams": [],
                "dismissal_users": [],
                "include_admins": false,
                "require_code_owner_reviews": false,
                "required_approving_review_count": 2
              }
            ],
            "required_status_checks": [],
            "restrictions": []
          }
        }
      ]
    },
    {
      "module": "module.repo_verify_packages",
      "mode": "managed",
      "type": "github_branch_protection",
      "name": "repo_protect_master",
      "each": "list",
      "provider": "provider.github",
      "instances": [
        {
          "index_key": 0,
          "schema_version": 0,
          "attributes": {
            "branch": "master",
            "enforce_admins": false,
            "etag": "W/\"0ca9d3e268c316a038779e2adad849d6\"",
            "id": "verify-packages:master",
            "repository": "verify-packages",
            "required_pull_request_reviews": [
              {
                "dismiss_stale_reviews": true,
                "dismissal_teams": [],
                "dismissal_users": [],
                "include_admins": false,
                "require_code_owner_reviews": false,
                "required_approving_review_count": 2
              }
            ],
            "required_status_checks": [],
            "restrictions": []
          },
          "depends_on": [
            "github_repository.repo"
          ]
        }
      ]
    },
    {
      "module": "module.repo_verify_terraform",
      "mode": "managed",
      "type": "github_branch_protection",
      "name": "repo_protect_master",
      "each": "list",
      "provider": "provider.github",
      "instances": [
        {
          "index_key": 0,
          "schema_version": 0,
          "attributes": {
            "branch": "master",
            "enforce_admins": false,
            "etag": "W/\"36b277836fd6ea8a75e3ab18e05af129\"",
            "id": "verify-terraform:master",
            "repository": "verify-terraform",
            "required_pull_request_reviews": [
              {
                "dismiss_stale_reviews": true,
                "dismissal_teams": [],
                "dismissal_users": [],
                "include_admins": false,
                "require_code_owner_reviews": false,
                "required_approving_review_count": 2
              }
            ],
            "required_status_checks": [],
            "restrictions": []
          }
        }
      ]
    },
    {
      "module": "module.repo_passport_verify_stub_relying_party",
      "mode": "managed",
      "type": "github_branch_protection",
      "name": "repo_protect_master",
      "each": "list",
      "provider": "provider.github",
      "instances": [
        {
          "index_key": 0,
          "schema_version": 0,
          "attributes": {
            "branch": "master",
            "enforce_admins": false,
            "etag": "W/\"2cd4ae0614a5387288abdd18868b2ae7\"",
            "id": "passport-verify-stub-relying-party:master",
            "repository": "passport-verify-stub-relying-party",
            "required_pull_request_reviews": [
              {
                "dismiss_stale_reviews": true,
                "dismissal_teams": [],
                "dismissal_users": [],
                "include_admins": false,
                "require_code_owner_reviews": false,
                "required_approving_review_count": 2
              }
            ],
            "required_status_checks": [],
            "restrictions": []
          }
        }
      ]
    },
    {
      "module": "module.repo_ida_compliance_tool",
      "mode": "managed",
      "type": "github_branch_protection",
      "name": "repo_protect_master",
      "each": "list",
      "provider": "provider.github",
      "instances": [
        {
          "index_key": 0,
          "schema_version": 0,
          "attributes": {
            "branch": "master",
            "enforce_admins": false,
            "etag": "W/\"2bb10a1fd3c6f8deb2d8018448165ccf\"",
            "id": "ida-compliance-tool:master",
            "repository": "ida-compliance-tool",
            "required_pull_request_reviews": [
              {
                "dismiss_stale_reviews": true,
                "dismissal_teams": [],
                "dismissal_users": [],
                "include_admins": false,
                "require_code_owner_reviews": false,
                "required_approving_review_count": 2
              }
            ],
            "required_status_checks": [],
            "restrictions": []
          },
          "depends_on": [
            "github_repository.repo"
          ]
        }
      ]
    },
    {
      "module": "module.repo_verify_architecture",
      "mode": "managed",
      "type": "github_branch_protection",
      "name": "repo_protect_master",
      "each": "list",
      "provider": "provider.github",
      "instances": [
        {
          "index_key": 0,
          "schema_version": 0,
          "attributes": {
            "branch": "master",
            "enforce_admins": false,
            "etag": "W/\"d96b9d472a640745af08840361ca14b8\"",
            "id": "verify-architecture:master",
            "repository": "verify-architecture",
            "required_pull_request_reviews": [
              {
                "dismiss_stale_reviews": true,
                "dismissal_teams": [],
                "dismissal_users": [],
                "include_admins": false,
                "require_code_owner_reviews": false,
                "required_approving_review_count": 2
              }
            ],
            "required_status_checks": [],
            "restrictions": []
          },
          "depends_on": [
            "github_repository.repo"
          ]
        }
      ]
    },
    {
      "module": "module.repo_verify_ansible",
      "mode": "managed",
      "type": "github_branch_protection",
      "name": "repo_protect_master",
      "each": "list",
      "provider": "provider.github",
      "instances": [
        {
          "index_key": 0,
          "schema_version": 0,
          "attributes": {
            "branch": "master",
            "enforce_admins": false,
            "etag": "W/\"fe1ec7b071ee904d59b0c665810796a8\"",
            "id": "verify-ansible:master",
            "repository": "verify-ansible",
            "required_pull_request_reviews": [
              {
                "dismiss_stale_reviews": true,
                "dismissal_teams": [],
                "dismissal_users": [],
                "include_admins": false,
                "require_code_owner_reviews": false,
                "required_approving_review_count": 2
              }
            ],
            "required_status_checks": [],
            "restrictions": []
          }
        }
      ]
    },
    {
      "module": "module.repo_verify_eidas_mw_config_generator",
      "mode": "managed",
      "type": "github_branch_protection",
      "name": "repo_protect_master",
      "each": "list",
      "provider": "provider.github",
      "instances": [
        {
          "index_key": 0,
          "schema_version": 0,
          "attributes": {
            "branch": "master",
            "enforce_admins": false,
            "etag": "W/\"b74ab9cda94a59d39f44c17a4d616fe5\"",
            "id": "verify-eidas-mw-config-generator:master",
            "repository": "verify-eidas-mw-config-generator",
            "required_pull_request_reviews": [
              {
                "dismiss_stale_reviews": true,
                "dismissal_teams": [],
                "dismissal_users": [],
                "include_admins": false,
                "require_code_owner_reviews": false,
                "required_approving_review_count": 2
              }
            ],
            "required_status_checks": [],
            "restrictions": []
          },
          "depends_on": [
            "github_repository.repo"
          ]
        }
      ]
    },
    {
      "module": "module.repo_verify_event_system_database_scripts",
      "mode": "managed",
      "type": "github_branch_protection",
      "name": "repo_protect_master",
      "each": "list",
      "provider": "provider.github",
      "instances": [
        {
          "index_key": 0,
          "schema_version": 0,
          "attributes": {
            "branch": "master",
            "enforce_admins": false,
            "etag": "W/\"0d4512fdf4ced54c5bcdb05ebf582723\"",
            "id": "verify-event-system-database-scripts:master",
            "repository": "verify-event-system-database-scripts",
            "required_pull_request_reviews": [
              {
                "dismiss_stale_reviews": true,
                "dismissal_teams": [],
                "dismissal_users": [],
                "include_admins": false,
                "require_code_owner_reviews": false,
                "required_approving_review_count": 2
              }
            ],
            "required_status_checks": [],
            "restrictions": []
          },
          "depends_on": [
            "github_repository.repo"
          ]
        }
      ]
    },
    {
      "module": "module.repo_verify_saml_libs",
      "mode": "managed",
      "type": "github_branch_protection",
      "name": "repo_protect_master",
      "each": "list",
      "provider": "provider.github",
      "instances": [
        {
          "index_key": 0,
          "schema_version": 0,
          "attributes": {
            "branch": "master",
            "enforce_admins": false,
            "etag": "W/\"0c050271c51661491d292501e4775663\"",
            "id": "verify-saml-libs:master",
            "repository": "verify-saml-libs",
            "required_pull_request_reviews": [
              {
                "dismiss_stale_reviews": true,
                "dismissal_teams": [],
                "dismissal_users": [],
                "include_admins": false,
                "require_code_owner_reviews": false,
                "required_approving_review_count": 2
              }
            ],
            "required_status_checks": [],
            "restrictions": []
          }
        }
      ]
    },
    {
      "module": "module.repo_verify_event_system_alarm_notifier",
      "mode": "managed",
      "type": "github_branch_protection",
      "name": "repo_protect_master",
      "each": "list",
      "provider": "provider.github",
      "instances": [
        {
          "index_key": 0,
          "schema_version": 0,
          "attributes": {
            "branch": "master",
            "enforce_admins": false,
            "etag": "W/\"03e8ee854e3a040e7923df5f386ada83\"",
            "id": "verify-event-system-alarm-notifier:master",
            "repository": "verify-event-system-alarm-notifier",
            "required_pull_request_reviews": [
              {
                "dismiss_stale_reviews": true,
                "dismissal_teams": [],
                "dismissal_users": [],
                "include_admins": false,
                "require_code_owner_reviews": false,
                "required_approving_review_count": 2
              }
            ],
            "required_status_checks": [],
            "restrictions": []
          },
          "depends_on": [
            "github_repository.repo"
          ]
        }
      ]
    },
    {
      "module": "module.repo_splunk_library_javalogging",
      "mode": "managed",
      "type": "github_branch_protection",
      "name": "repo_protect_master",
      "each": "list",
      "provider": "provider.github",
      "instances": [
        {
          "index_key": 0,
          "schema_version": 0,
          "attributes": {
            "branch": "master",
            "enforce_admins": false,
            "etag": "W/\"714cfe241aef4f0354e60161ebddb064\"",
            "id": "splunk-library-javalogging:master",
            "repository": "splunk-library-javalogging",
            "required_pull_request_reviews": [
              {
                "dismiss_stale_reviews": true,
                "dismissal_teams": [],
                "dismissal_users": [],
                "include_admins": false,
                "require_code_owner_reviews": false,
                "required_approving_review_count": 2
              }
            ],
            "required_status_checks": [],
            "restrictions": []
          },
          "depends_on": [
            "github_repository.repo"
          ]
        }
      ]
    },
    {
      "module": "module.repo_verify_jenkins_job_builder",
      "mode": "managed",
      "type": "github_branch_protection",
      "name": "repo_protect_master",
      "each": "list",
      "provider": "provider.github",
      "instances": [
        {
          "index_key": 0,
          "schema_version": 0,
          "attributes": {
            "branch": "master",
            "enforce_admins": false,
            "etag": "W/\"9e89916a01ef870a36b0eeaab7ac1744\"",
            "id": "verify-jenkins-job-builder:master",
            "repository": "verify-jenkins-job-builder",
            "required_pull_request_reviews": [
              {
                "dismiss_stale_reviews": true,
                "dismissal_teams": [],
                "dismissal_users": [],
                "include_admins": false,
                "require_code_owner_reviews": false,
                "required_approving_review_count": 2
              }
            ],
            "required_status_checks": [],
            "restrictions": []
          }
        }
      ]
    },
    {
      "module": "module.repo_verify_self_service_infrastructure",
      "mode": "managed",
      "type": "github_branch_protection",
      "name": "repo_protect_master",
      "each": "list",
      "provider": "provider.github",
      "instances": [
        {
          "index_key": 0,
          "schema_version": 0,
          "attributes": {
            "branch": "master",
            "enforce_admins": false,
            "etag": "W/\"773d42091b8f55ccbfcd0cbb4389336a\"",
            "id": "verify-self-service-infrastructure:master",
            "repository": "verify-self-service-infrastructure",
            "required_pull_request_reviews": [
              {
                "dismiss_stale_reviews": true,
                "dismissal_teams": [],
                "dismissal_users": [],
                "include_admins": false,
                "require_code_owner_reviews": false,
                "required_approving_review_count": 2
              }
            ],
            "required_status_checks": [],
            "restrictions": []
          },
          "depends_on": [
            "github_repository.repo"
          ]
        }
      ]
    },
    {
      "module": "module.repo_verify_performance",
      "mode": "managed",
      "type": "github_branch_protection",
      "name": "repo_protect_master",
      "each": "list",
      "provider": "provider.github",
      "instances": [
        {
          "index_key": 0,
          "schema_version": 0,
          "attributes": {
            "branch": "master",
            "enforce_admins": false,
            "etag": "W/\"c30745595b629ee5a1dbc06ca673232a\"",
            "id": "verify-performance:master",
            "repository": "verify-performance",
            "required_pull_request_reviews": [
              {
                "dismiss_stale_reviews": true,
                "dismissal_teams": [],
                "dismissal_users": [],
                "include_admins": false,
                "require_code_owner_reviews": false,
                "required_approving_review_count": 2
              }
            ],
            "required_status_checks": [],
            "restrictions": []
          },
          "depends_on": [
            "github_repository.repo"
          ]
        }
      ]
    },
    {
      "module": "module.repo_dcs_client_acceptance_tests",
      "mode": "managed",
      "type": "github_branch_protection",
      "name": "repo_protect_master",
      "each": "list",
      "provider": "provider.github",
      "instances": [
        {
          "index_key": 0,
          "schema_version": 0,
          "attributes": {
            "branch": "master",
            "enforce_admins": false,
            "etag": "W/\"fd838d7b360c6ea597226f8c41278e7d\"",
            "id": "dcs-client-acceptance-tests:master",
            "repository": "dcs-client-acceptance-tests",
            "required_pull_request_reviews": [
              {
                "dismiss_stale_reviews": true,
                "dismissal_teams": [],
                "dismissal_users": [],
                "include_admins": false,
                "require_code_owner_reviews": false,
                "required_approving_review_count": 2
              }
            ],
            "required_status_checks": [],
            "restrictions": []
          }
        }
      ]
    },
    {
      "module": "module.repo_verify_performance_scripts",
      "mode": "managed",
      "type": "github_branch_protection",
      "name": "repo_protect_master",
      "each": "list",
      "provider": "provider.github",
      "instances": [
        {
          "index_key": 0,
          "schema_version": 0,
          "attributes": {
            "branch": "master",
            "enforce_admins": false,
            "etag": "W/\"769cee66bcdc3cc23477fc156d52b390\"",
            "id": "verify-performance-scripts:master",
            "repository": "verify-performance-scripts",
            "required_pull_request_reviews": [
              {
                "dismiss_stale_reviews": true,
                "dismissal_teams": [],
                "dismissal_users": [],
                "include_admins": false,
                "require_code_owner_reviews": false,
                "required_approving_review_count": 2
              }
            ],
            "required_status_checks": [],
            "restrictions": []
          },
          "depends_on": [
            "github_repository.repo"
          ]
        }
      ]
    },
    {
      "module": "module.repo_verify_frontend_federation_config",
      "mode": "managed",
      "type": "github_branch_protection",
      "name": "repo_protect_master",
      "each": "list",
      "provider": "provider.github",
      "instances": [
        {
          "index_key": 0,
          "schema_version": 0,
          "attributes": {
            "branch": "master",
            "enforce_admins": false,
            "etag": "W/\"326c7f4e5cd3afd02d2fbabd741e9247\"",
            "id": "verify-frontend-federation-config:master",
            "repository": "verify-frontend-federation-config",
            "required_pull_request_reviews": [
              {
                "dismiss_stale_reviews": true,
                "dismissal_teams": [],
                "dismissal_users": [],
                "include_admins": false,
                "require_code_owner_reviews": false,
                "required_approving_review_count": 2
              }
            ],
            "required_status_checks": [],
            "restrictions": []
          }
        }
      ]
    },
    {
      "module": "module.repo_verify_release_logs",
      "mode": "managed",
      "type": "github_branch_protection",
      "name": "repo_protect_master",
      "each": "list",
      "provider": "provider.github",
      "instances": []
    },
    {
      "module": "module.repo_verify_il3_laptop_bootstrap",
      "mode": "managed",
      "type": "github_branch_protection",
      "name": "repo_protect_master",
      "each": "list",
      "provider": "provider.github",
      "instances": [
        {
          "index_key": 0,
          "schema_version": 0,
          "attributes": {
            "branch": "master",
            "enforce_admins": false,
            "etag": "W/\"ad74ebe014683a1c52fb952171957f0b\"",
            "id": "verify-il3-laptop-bootstrap:master",
            "repository": "verify-il3-laptop-bootstrap",
            "required_pull_request_reviews": [
              {
                "dismiss_stale_reviews": true,
                "dismissal_teams": [],
                "dismissal_users": [],
                "include_admins": false,
                "require_code_owner_reviews": false,
                "required_approving_review_count": 2
              }
            ],
            "required_status_checks": [],
            "restrictions": []
          },
          "depends_on": [
            "github_repository.repo"
          ]
        }
      ]
    },
    {
      "module": "module.repo_verify_event_emitter_loader",
      "mode": "managed",
      "type": "github_branch_protection",
      "name": "repo_protect_master",
      "each": "list",
      "provider": "provider.github",
      "instances": [
        {
          "index_key": 0,
          "schema_version": 0,
          "attributes": {
            "branch": "master",
            "enforce_admins": false,
            "etag": "W/\"94c1093df7c2c1723c2fc43175f37f58\"",
            "id": "verify-event-emitter-loader:master",
            "repository": "verify-event-emitter-loader",
            "required_pull_request_reviews": [
              {
                "dismiss_stale_reviews": true,
                "dismissal_teams": [],
                "dismissal_users": [],
                "include_admins": false,
                "require_code_owner_reviews": false,
                "required_approving_review_count": 2
              }
            ],
            "required_status_checks": [],
            "restrictions": []
          },
          "depends_on": [
            "github_repository.repo"
          ]
        }
      ]
    },
    {
      "module": "module.repo_verify_team_manual",
      "mode": "managed",
      "type": "github_branch_protection",
      "name": "repo_protect_master",
      "each": "list",
      "provider": "provider.github",
      "instances": [
        {
          "index_key": 0,
          "schema_version": 0,
          "attributes": {
            "branch": "master",
            "enforce_admins": false,
            "etag": "W/\"87c9e7fcd09be3a2bc97eaf6e2bd6b47\"",
            "id": "verify-team-manual:master",
            "repository": "verify-team-manual",
            "required_pull_request_reviews": [
              {
                "dismiss_stale_reviews": true,
                "dismissal_teams": [],
                "dismissal_users": [],
                "include_admins": false,
                "require_code_owner_reviews": false,
                "required_approving_review_count": 2
              }
            ],
            "required_status_checks": [],
            "restrictions": []
          }
        }
      ]
    },
    {
      "module": "module.repo_verify_metadata",
      "mode": "managed",
      "type": "github_branch_protection",
      "name": "repo_protect_master",
      "each": "list",
      "provider": "provider.github",
      "instances": [
        {
          "index_key": 0,
          "schema_version": 0,
          "attributes": {
            "branch": "master",
            "enforce_admins": false,
            "etag": "W/\"a62f869cbf6e0aaa18e49df6e20fc976\"",
            "id": "verify-metadata:master",
            "repository": "verify-metadata",
            "required_pull_request_reviews": [
              {
                "dismiss_stale_reviews": true,
                "dismissal_teams": [],
                "dismissal_users": [],
                "include_admins": false,
                "require_code_owner_reviews": false,
                "required_approving_review_count": 2
              }
            ],
            "required_status_checks": [],
            "restrictions": []
          }
        }
      ]
    },
    {
      "module": "module.repo_verify_hub",
      "mode": "managed",
      "type": "github_branch_protection",
      "name": "repo_protect_master",
      "each": "list",
      "provider": "provider.github",
      "instances": [
        {
          "index_key": 0,
          "schema_version": 0,
          "attributes": {
            "branch": "master",
            "enforce_admins": false,
            "etag": "W/\"e7df74a41ed6f5fe34cfd91ff5194389\"",
            "id": "verify-hub:master",
            "repository": "verify-hub",
            "required_pull_request_reviews": [
              {
                "dismiss_stale_reviews": true,
                "dismissal_teams": [],
                "dismissal_users": [],
                "include_admins": false,
                "require_code_owner_reviews": false,
                "required_approving_review_count": 2
              }
            ],
            "required_status_checks": [],
            "restrictions": []
          },
          "depends_on": [
            "github_repository.repo"
          ]
        }
      ]
    },
    {
      "module": "module.repo_verify_acceptance_tests",
      "mode": "managed",
      "type": "github_branch_protection",
      "name": "repo_protect_master",
      "each": "list",
      "provider": "provider.github",
      "instances": [
        {
          "index_key": 0,
          "schema_version": 0,
          "attributes": {
            "branch": "master",
            "enforce_admins": false,
            "etag": "W/\"e8beda5845538addc35658b8705ed835\"",
            "id": "verify-acceptance-tests:master",
            "repository": "verify-acceptance-tests",
            "required_pull_request_reviews": [
              {
                "dismiss_stale_reviews": true,
                "dismissal_teams": [],
                "dismissal_users": [],
                "include_admins": false,
                "require_code_owner_reviews": false,
                "required_approving_review_count": 2
              }
            ],
            "required_status_checks": [],
            "restrictions": []
          },
          "depends_on": [
            "github_repository.repo"
          ]
        }
      ]
    },
    {
      "module": "module.repo_verify_rp_environment_config_form",
      "mode": "managed",
      "type": "github_branch_protection",
      "name": "repo_protect_master",
      "each": "list",
      "provider": "provider.github",
      "instances": [
        {
          "index_key": 0,
          "schema_version": 0,
          "attributes": {
            "branch": "master",
            "enforce_admins": false,
            "etag": "W/\"2e6a10aacb12324c72fbd6e329c0408d\"",
            "id": "verify-rp-environment-config-form:master",
            "repository": "verify-rp-environment-config-form",
            "required_pull_request_reviews": [
              {
                "dismiss_stale_reviews": true,
                "dismissal_teams": [],
                "dismissal_users": [],
                "include_admins": false,
                "require_code_owner_reviews": false,
                "required_approving_review_count": 2
              }
            ],
            "required_status_checks": [],
            "restrictions": []
          }
        }
      ]
    },
    {
      "module": "module.repo_verify_event_infrastructure",
      "mode": "managed",
      "type": "github_branch_protection",
      "name": "repo_protect_master",
      "each": "list",
      "provider": "provider.github",
      "instances": [
        {
          "index_key": 0,
          "schema_version": 0,
          "attributes": {
            "branch": "master",
            "enforce_admins": false,
            "etag": "W/\"b924aa467665c7431a30d92fe7b0798b\"",
            "id": "verify-event-infrastructure:master",
            "repository": "verify-event-infrastructure",
            "required_pull_request_reviews": [
              {
                "dismiss_stale_reviews": true,
                "dismissal_teams": [],
                "dismissal_users": [],
                "include_admins": false,
                "require_code_owner_reviews": false,
                "required_approving_review_count": 2
              }
            ],
            "required_status_checks": [],
            "restrictions": []
          },
          "depends_on": [
            "github_repository.repo"
          ]
        }
      ]
    },
    {
      "module": "module.repo_verify_release_automation",
      "mode": "managed",
      "type": "github_repository",
      "name": "repo",
      "provider": "provider.github",
      "instances": [
        {
          "schema_version": 0,
          "attributes": {
            "allow_merge_commit": true,
            "allow_rebase_merge": false,
            "allow_squash_merge": false,
            "archived": false,
            "auto_init": true,
            "default_branch": "master",
            "description": "🚂 The Verify Release Train",
            "etag": "W/\"57bfa4a577d1f8e6db59f0c4346640a5\"",
            "full_name": "alphagov/verify-release-automation",
            "git_clone_url": "git://github.com/alphagov/verify-release-automation.git",
            "gitignore_template": null,
            "has_downloads": false,
            "has_issues": true,
            "has_projects": null,
            "has_wiki": true,
            "homepage_url": "",
            "html_url": "https://github.com/alphagov/verify-release-automation",
            "http_clone_url": "https://github.com/alphagov/verify-release-automation.git",
            "id": "verify-release-automation",
            "license_template": null,
            "name": "verify-release-automation",
            "private": true,
            "ssh_clone_url": "git@github.com:alphagov/verify-release-automation.git",
            "svn_url": "https://github.com/alphagov/verify-release-automation",
            "topics": [
              "verify"
            ]
          }
        }
      ]
    },
    {
      "module": "module.repo_verify_frontend",
      "mode": "managed",
      "type": "github_repository",
      "name": "repo",
      "provider": "provider.github",
      "instances": [
        {
          "schema_version": 0,
          "attributes": {
            "allow_merge_commit": true,
            "allow_rebase_merge": false,
            "allow_squash_merge": false,
            "archived": false,
            "auto_init": true,
            "default_branch": "master",
            "description": "The frontend service for GOV.UK Verify",
            "etag": "W/\"bbef983330c075b4b143d55044e1d420\"",
            "full_name": "alphagov/verify-frontend",
            "git_clone_url": "git://github.com/alphagov/verify-frontend.git",
            "gitignore_template": null,
            "has_downloads": false,
            "has_issues": true,
            "has_projects": null,
            "has_wiki": true,
            "homepage_url": "",
            "html_url": "https://github.com/alphagov/verify-frontend",
            "http_clone_url": "https://github.com/alphagov/verify-frontend.git",
            "id": "verify-frontend",
            "license_template": null,
            "name": "verify-frontend",
            "private": false,
            "ssh_clone_url": "git@github.com:alphagov/verify-frontend.git",
            "svn_url": "https://github.com/alphagov/verify-frontend",
            "topics": [
              "frontend",
              "verify"
            ]
          }
        }
      ]
    },
    {
      "module": "module.repo_verify_infrastructure",
      "mode": "managed",
      "type": "github_repository",
      "name": "repo",
      "provider": "provider.github",
      "instances": [
        {
          "schema_version": 0,
          "attributes": {
            "allow_merge_commit": true,
            "allow_rebase_merge": false,
            "allow_squash_merge": false,
            "archived": false,
            "auto_init": null,
            "default_branch": "master",
            "description": "Infrastructure code for Verify Hub ECS",
            "etag": "W/\"a184fbe889ecd0b235f32ef33f3271fb\"",
            "full_name": "alphagov/verify-infrastructure",
            "git_clone_url": "git://github.com/alphagov/verify-infrastructure.git",
            "gitignore_template": null,
            "has_downloads": false,
            "has_issues": true,
            "has_projects": null,
            "has_wiki": true,
            "homepage_url": "",
            "html_url": "https://github.com/alphagov/verify-infrastructure",
            "http_clone_url": "https://github.com/alphagov/verify-infrastructure.git",
            "id": "verify-infrastructure",
            "license_template": null,
            "name": "verify-infrastructure",
            "private": false,
            "ssh_clone_url": "git@github.com:alphagov/verify-infrastructure.git",
            "svn_url": "https://github.com/alphagov/verify-infrastructure",
            "topics": []
          }
        }
      ]
    },
    {
      "module": "module.repo_verify_service_provider",
      "mode": "managed",
      "type": "github_repository",
      "name": "repo",
      "provider": "provider.github",
      "instances": [
        {
          "schema_version": 0,
          "attributes": {
            "allow_merge_commit": true,
            "allow_rebase_merge": false,
            "allow_squash_merge": false,
            "archived": false,
            "auto_init": true,
            "default_branch": "master",
            "description": ":crown: :ballot_box_with_check: The easiest way to connect to GOV.UK Verify",
            "etag": "W/\"fb3b9250719807ba06414bff8951feec\"",
            "full_name": "alphagov/verify-service-provider",
            "git_clone_url": "git://github.com/alphagov/verify-service-provider.git",
            "gitignore_template": null,
            "has_downloads": false,
            "has_issues": true,
            "has_projects": null,
            "has_wiki": true,
            "homepage_url": "",
            "html_url": "https://github.com/alphagov/verify-service-provider",
            "http_clone_url": "https://github.com/alphagov/verify-service-provider.git",
            "id": "verify-service-provider",
            "license_template": null,
            "name": "verify-service-provider",
            "private": false,
            "ssh_clone_url": "git@github.com:alphagov/verify-service-provider.git",
            "svn_url": "https://github.com/alphagov/verify-service-provider",
            "topics": [
              "dropwizard",
              "verify"
            ]
          }
        }
      ]
    },
    {
      "module": "module.repo_verify_event_recorder_service",
      "mode": "managed",
      "type": "github_repository",
      "name": "repo",
      "provider": "provider.github",
      "instances": [
        {
          "schema_version": 0,
          "attributes": {
            "allow_merge_commit": true,
            "allow_rebase_merge": false,
            "allow_squash_merge": false,
            "archived": false,
            "auto_init": true,
            "default_branch": "master",
            "description": "This service is part of Verify's event recording system; its purpose is to read events from a queue and write them to a permanent datastore.",
            "etag": "W/\"384308e11152e4350e196e01f77e4dbe\"",
            "full_name": "alphagov/verify-event-recorder-service",
            "git_clone_url": "git://github.com/alphagov/verify-event-recorder-service.git",
            "gitignore_template": null,
            "has_downloads": false,
            "has_issues": true,
            "has_projects": null,
            "has_wiki": true,
            "homepage_url": "",
            "html_url": "https://github.com/alphagov/verify-event-recorder-service",
            "http_clone_url": "https://github.com/alphagov/verify-event-recorder-service.git",
            "id": "verify-event-recorder-service",
            "license_template": null,
            "name": "verify-event-recorder-service",
            "private": false,
            "ssh_clone_url": "git@github.com:alphagov/verify-event-recorder-service.git",
            "svn_url": "https://github.com/alphagov/verify-event-recorder-service",
            "topics": [
              "verify"
            ]
          }
        }
      ]
    },
    {
      "module": "module.repo_verify_proxy_node",
      "mode": "managed",
      "type": "github_repository",
      "name": "repo",
      "provider": "provider.github",
      "instances": [
        {
          "schema_version": 0,
          "attributes": {
            "allow_merge_commit": true,
            "allow_rebase_merge": false,
            "allow_squash_merge": false,
            "archived": false,
            "auto_init": true,
            "default_branch": "master",
            "description": "eIDAS Proxy Node",
            "etag": "W/\"fed5be7965f2d09def8ef72bc4865666\"",
            "full_name": "alphagov/verify-proxy-node",
            "git_clone_url": "git://github.com/alphagov/verify-proxy-node.git",
            "gitignore_template": null,
            "has_downloads": false,
            "has_issues": true,
            "has_projects": null,
            "has_wiki": true,
            "homepage_url": "",
            "html_url": "https://github.com/alphagov/verify-proxy-node",
            "http_clone_url": "https://github.com/alphagov/verify-proxy-node.git",
            "id": "verify-proxy-node",
            "license_template": null,
            "name": "verify-proxy-node",
            "private": false,
            "ssh_clone_url": "git@github.com:alphagov/verify-proxy-node.git",
            "svn_url": "https://github.com/alphagov/verify-proxy-node",
            "topics": []
          }
        }
      ]
    },
    {
      "module": "module.repo_ida_hub_support",
      "mode": "managed",
      "type": "github_repository",
      "name": "repo",
      "provider": "provider.github",
      "instances": [
        {
          "schema_version": 0,
          "attributes": {
            "allow_merge_commit": true,
            "allow_rebase_merge": false,
            "allow_squash_merge": false,
            "archived": true,
            "auto_init": true,
            "default_branch": "master",
            "description": "Verify Hub Support services (temporary)",
            "etag": "W/\"1c859c78d13163190dd4e02e2917358d\"",
            "full_name": "alphagov/ida-hub-support",
            "git_clone_url": "git://github.com/alphagov/ida-hub-support.git",
            "gitignore_template": null,
            "has_downloads": false,
            "has_issues": true,
            "has_projects": null,
            "has_wiki": true,
            "homepage_url": "",
            "html_url": "https://github.com/alphagov/ida-hub-support",
            "http_clone_url": "https://github.com/alphagov/ida-hub-support.git",
            "id": "ida-hub-support",
            "license_template": null,
            "name": "ida-hub-support",
            "private": true,
            "ssh_clone_url": "git@github.com:alphagov/ida-hub-support.git",
            "svn_url": "https://github.com/alphagov/ida-hub-support",
            "topics": [
              "verify"
            ]
          }
        }
      ]
    },
    {
      "module": "module.repo_verify_token_service",
      "mode": "managed",
      "type": "github_repository",
      "name": "repo",
      "provider": "provider.github",
      "instances": [
        {
          "schema_version": 0,
          "attributes": {
            "allow_merge_commit": true,
            "allow_rebase_merge": false,
            "allow_squash_merge": false,
            "archived": true,
            "auto_init": true,
            "default_branch": "master",
            "description": "Verify Token Service",
            "etag": "W/\"a12ec1fd976a0175fe7cbdea78f57c6b\"",
            "full_name": "alphagov/verify-token-service",
            "git_clone_url": "git://github.com/alphagov/verify-token-service.git",
            "gitignore_template": null,
            "has_downloads": false,
            "has_issues": true,
            "has_projects": null,
            "has_wiki": true,
            "homepage_url": "",
            "html_url": "https://github.com/alphagov/verify-token-service",
            "http_clone_url": "https://github.com/alphagov/verify-token-service.git",
            "id": "verify-token-service",
            "license_template": null,
            "name": "verify-token-service",
            "private": true,
            "ssh_clone_url": "git@github.com:alphagov/verify-token-service.git",
            "svn_url": "https://github.com/alphagov/verify-token-service",
            "topics": [
              "verify"
            ]
          }
        }
      ]
    },
    {
      "module": "module.repo_verify_hub_federation_config",
      "mode": "managed",
      "type": "github_repository",
      "name": "repo",
      "provider": "provider.github",
      "instances": [
        {
          "schema_version": 0,
          "attributes": {
            "allow_merge_commit": true,
            "allow_rebase_merge": false,
            "allow_squash_merge": false,
            "archived": false,
            "auto_init": true,
            "default_branch": "master",
            "description": "Verify Hub federation configuration",
            "etag": "W/\"5a747b7f875075ac6ae52bb6d17e4d8e\"",
            "full_name": "alphagov/verify-hub-federation-config",
            "git_clone_url": "git://github.com/alphagov/verify-hub-federation-config.git",
            "gitignore_template": null,
            "has_downloads": false,
            "has_issues": true,
            "has_projects": null,
            "has_wiki": true,
            "homepage_url": "",
            "html_url": "https://github.com/alphagov/verify-hub-federation-config",
            "http_clone_url": "https://github.com/alphagov/verify-hub-federation-config.git",
            "id": "verify-hub-federation-config",
            "license_template": null,
            "name": "verify-hub-federation-config",
            "private": true,
            "ssh_clone_url": "git@github.com:alphagov/verify-hub-federation-config.git",
            "svn_url": "https://github.com/alphagov/verify-hub-federation-config",
            "topics": [
              "verify"
            ]
          }
        }
      ]
    },
    {
      "module": "module.repo_verify_test_repo",
      "mode": "managed",
      "type": "github_repository",
      "name": "repo",
      "provider": "provider.github",
      "instances": [
        {
          "schema_version": 0,
          "attributes": {
            "allow_merge_commit": true,
            "allow_rebase_merge": false,
            "allow_squash_merge": false,
            "archived": false,
            "auto_init": true,
            "default_branch": "master",
            "description": "Test repo",
            "etag": "W/\"eebca43d2e71627487a3135de3f88173\"",
            "full_name": "alphagov/verify-test-repo",
            "git_clone_url": "git://github.com/alphagov/verify-test-repo.git",
            "gitignore_template": null,
            "has_downloads": false,
            "has_issues": true,
            "has_projects": null,
            "has_wiki": true,
            "homepage_url": "",
            "html_url": "https://github.com/alphagov/verify-test-repo",
            "http_clone_url": "https://github.com/alphagov/verify-test-repo.git",
            "id": "verify-test-repo",
            "license_template": null,
            "name": "verify-test-repo",
            "private": false,
            "ssh_clone_url": "git@github.com:alphagov/verify-test-repo.git",
            "svn_url": "https://github.com/alphagov/verify-test-repo",
            "topics": []
          }
        }
      ]
    },
    {
      "module": "module.repo_verify_idp_predictor",
      "mode": "managed",
      "type": "github_repository",
      "name": "repo",
      "provider": "provider.github",
      "instances": [
        {
          "schema_version": 0,
          "attributes": {
            "allow_merge_commit": true,
            "allow_rebase_merge": false,
            "allow_squash_merge": false,
            "archived": false,
            "auto_init": null,
            "default_branch": "master",
            "description": "The IDP Predictor for GOV.UK Verify.",
            "etag": "W/\"cd5fa3ab90fa38dc29e486897d2c4584\"",
            "full_name": "alphagov/verify-idp-predictor",
            "git_clone_url": "git://github.com/alphagov/verify-idp-predictor.git",
            "gitignore_template": null,
            "has_downloads": false,
            "has_issues": true,
            "has_projects": null,
            "has_wiki": true,
            "homepage_url": "",
            "html_url": "https://github.com/alphagov/verify-idp-predictor",
            "http_clone_url": "https://github.com/alphagov/verify-idp-predictor.git",
            "id": "verify-idp-predictor",
            "license_template": null,
            "name": "verify-idp-predictor",
            "private": true,
            "ssh_clone_url": "git@github.com:alphagov/verify-idp-predictor.git",
            "svn_url": "https://github.com/alphagov/verify-idp-predictor",
            "topics": []
          }
        }
      ]
    },
    {
      "module": "module.repo_verify_stub_idp_federation_config",
      "mode": "managed",
      "type": "github_repository",
      "name": "repo",
      "provider": "provider.github",
      "instances": [
        {
          "schema_version": 0,
          "attributes": {
            "allow_merge_commit": true,
            "allow_rebase_merge": false,
            "allow_squash_merge": false,
            "archived": false,
            "auto_init": true,
            "default_branch": "master",
            "description": "Federation config for verify-stub-idp",
            "etag": "W/\"6572db416a3af695a222c1fa3ef11dfe\"",
            "full_name": "alphagov/verify-stub-idp-federation-config",
            "git_clone_url": "git://github.com/alphagov/verify-stub-idp-federation-config.git",
            "gitignore_template": null,
            "has_downloads": false,
            "has_issues": true,
            "has_projects": null,
            "has_wiki": true,
            "homepage_url": "",
            "html_url": "https://github.com/alphagov/verify-stub-idp-federation-config",
            "http_clone_url": "https://github.com/alphagov/verify-stub-idp-federation-config.git",
            "id": "verify-stub-idp-federation-config",
            "license_template": null,
            "name": "verify-stub-idp-federation-config",
            "private": true,
            "ssh_clone_url": "git@github.com:alphagov/verify-stub-idp-federation-config.git",
            "svn_url": "https://github.com/alphagov/verify-stub-idp-federation-config",
            "topics": [
              "verify"
            ]
          }
        }
      ]
    },
    {
      "module": "module.repo_verify_build_scripts",
      "mode": "managed",
      "type": "github_repository",
      "name": "repo",
      "provider": "provider.github",
      "instances": [
        {
          "schema_version": 0,
          "attributes": {
            "allow_merge_commit": true,
            "allow_rebase_merge": false,
            "allow_squash_merge": false,
            "archived": false,
            "auto_init": true,
            "default_branch": "master",
            "description": "Useful scripts and tools for Verify tech",
            "etag": "W/\"235b32ab2b8365ee34c4e15819c8e219\"",
            "full_name": "alphagov/verify-build-scripts",
            "git_clone_url": "git://github.com/alphagov/verify-build-scripts.git",
            "gitignore_template": null,
            "has_downloads": false,
            "has_issues": true,
            "has_projects": null,
            "has_wiki": true,
            "homepage_url": "",
            "html_url": "https://github.com/alphagov/verify-build-scripts",
            "http_clone_url": "https://github.com/alphagov/verify-build-scripts.git",
            "id": "verify-build-scripts",
            "license_template": null,
            "name": "verify-build-scripts",
            "private": true,
            "ssh_clone_url": "git@github.com:alphagov/verify-build-scripts.git",
            "svn_url": "https://github.com/alphagov/verify-build-scripts",
            "topics": [
              "verify"
            ]
          }
        }
      ]
    },
    {
      "module": "module.repo_verify_support_form",
      "mode": "managed",
      "type": "github_repository",
      "name": "repo",
      "provider": "provider.github",
      "instances": [
        {
          "schema_version": 0,
          "attributes": {
            "allow_merge_commit": true,
            "allow_rebase_merge": false,
            "allow_squash_merge": false,
            "archived": false,
            "auto_init": true,
            "default_branch": "master",
            "description": "Verify support form",
            "etag": "W/\"7f1a928ffef643abe117c4f1c2e00af3\"",
            "full_name": "alphagov/verify-support-form",
            "git_clone_url": "git://github.com/alphagov/verify-support-form.git",
            "gitignore_template": null,
            "has_downloads": false,
            "has_issues": true,
            "has_projects": null,
            "has_wiki": true,
            "homepage_url": "",
            "html_url": "https://github.com/alphagov/verify-support-form",
            "http_clone_url": "https://github.com/alphagov/verify-support-form.git",
            "id": "verify-support-form",
            "license_template": null,
            "name": "verify-support-form",
            "private": false,
            "ssh_clone_url": "git@github.com:alphagov/verify-support-form.git",
            "svn_url": "https://github.com/alphagov/verify-support-form",
            "topics": [
              "verify"
            ]
          }
        }
      ]
    },
    {
      "module": "module.repo_verify_proxy_node_infra",
      "mode": "managed",
      "type": "github_repository",
      "name": "repo",
      "provider": "provider.github",
      "instances": [
        {
          "schema_version": 0,
          "attributes": {
            "allow_merge_commit": true,
            "allow_rebase_merge": false,
            "allow_squash_merge": false,
            "archived": false,
            "auto_init": true,
            "default_branch": "master",
            "description": "Verify eIDAS Proxy Node infrastructure",
            "etag": "W/\"b4c44320eb6d73f3c10d289bbc866f2c\"",
            "full_name": "alphagov/verify-proxy-node-infra",
            "git_clone_url": "git://github.com/alphagov/verify-proxy-node-infra.git",
            "gitignore_template": null,
            "has_downloads": false,
            "has_issues": true,
            "has_projects": null,
            "has_wiki": true,
            "homepage_url": "",
            "html_url": "https://github.com/alphagov/verify-proxy-node-infra",
            "http_clone_url": "https://github.com/alphagov/verify-proxy-node-infra.git",
            "id": "verify-proxy-node-infra",
            "license_template": null,
            "name": "verify-proxy-node-infra",
            "private": true,
            "ssh_clone_url": "git@github.com:alphagov/verify-proxy-node-infra.git",
            "svn_url": "https://github.com/alphagov/verify-proxy-node-infra",
            "topics": []
          }
        }
      ]
    },
    {
      "module": "module.repo_verify_puppet",
      "mode": "managed",
      "type": "github_repository",
      "name": "repo",
      "provider": "provider.github",
      "instances": [
        {
          "schema_version": 0,
          "attributes": {
            "allow_merge_commit": true,
            "allow_rebase_merge": false,
            "allow_squash_merge": false,
            "archived": false,
            "auto_init": true,
            "default_branch": "master",
            "description": "Puppet code for GOV.UK Verify",
            "etag": "W/\"1cb0c76a7a41e27275a3a791597afa67\"",
            "full_name": "alphagov/verify-puppet",
            "git_clone_url": "git://github.com/alphagov/verify-puppet.git",
            "gitignore_template": null,
            "has_downloads": false,
            "has_issues": true,
            "has_projects": null,
            "has_wiki": true,
            "homepage_url": "",
            "html_url": "https://github.com/alphagov/verify-puppet",
            "http_clone_url": "https://github.com/alphagov/verify-puppet.git",
            "id": "verify-puppet",
            "license_template": null,
            "name": "verify-puppet",
            "private": true,
            "ssh_clone_url": "git@github.com:alphagov/verify-puppet.git",
            "svn_url": "https://github.com/alphagov/verify-puppet",
            "topics": [
              "verify"
            ]
          }
        }
      ]
    },
    {
      "module": "module.repo_verify_datascience_sandbox",
      "mode": "managed",
      "type": "github_repository",
      "name": "repo",
      "provider": "provider.github",
      "instances": [
        {
          "schema_version": 0,
          "attributes": {
            "allow_merge_commit": true,
            "allow_rebase_merge": false,
            "allow_squash_merge": false,
            "archived": false,
            "auto_init": null,
            "default_branch": "master",
            "description": "A repository for analysis of GOV.UK Verify data.",
            "etag": "W/\"c357f1908c0f310aeb69c6ab3e10b4e5\"",
            "full_name": "alphagov/verify-datascience-sandbox",
            "git_clone_url": "git://github.com/alphagov/verify-datascience-sandbox.git",
            "gitignore_template": null,
            "has_downloads": false,
            "has_issues": true,
            "has_projects": null,
            "has_wiki": true,
            "homepage_url": "",
            "html_url": "https://github.com/alphagov/verify-datascience-sandbox",
            "http_clone_url": "https://github.com/alphagov/verify-datascience-sandbox.git",
            "id": "verify-datascience-sandbox",
            "license_template": null,
            "name": "verify-datascience-sandbox",
            "private": true,
            "ssh_clone_url": "git@github.com:alphagov/verify-datascience-sandbox.git",
            "svn_url": "https://github.com/alphagov/verify-datascience-sandbox",
            "topics": []
          }
        }
      ]
    },
    {
      "module": "module.repo_verify_german_eidas_middleware",
      "mode": "managed",
      "type": "github_repository",
      "name": "repo",
      "provider": "provider.github",
      "instances": [
        {
          "schema_version": 0,
          "attributes": {
            "allow_merge_commit": true,
            "allow_rebase_merge": false,
            "allow_squash_merge": false,
            "archived": false,
            "auto_init": true,
            "default_branch": "master",
            "description": "",
            "etag": "W/\"2caf31e00ea059fc438a13dc3d44d760\"",
            "full_name": "alphagov/verify-german-eidas-middleware",
            "git_clone_url": "git://github.com/alphagov/verify-german-eidas-middleware.git",
            "gitignore_template": null,
            "has_downloads": false,
            "has_issues": true,
            "has_projects": null,
            "has_wiki": true,
            "homepage_url": "",
            "html_url": "https://github.com/alphagov/verify-german-eidas-middleware",
            "http_clone_url": "https://github.com/alphagov/verify-german-eidas-middleware.git",
            "id": "verify-german-eidas-middleware",
            "license_template": null,
            "name": "verify-german-eidas-middleware",
            "private": false,
            "ssh_clone_url": "git@github.com:alphagov/verify-german-eidas-middleware.git",
            "svn_url": "https://github.com/alphagov/verify-german-eidas-middleware",
            "topics": [
              "verify"
            ]
          }
        }
      ]
    },
    {
      "module": "module.repo_verify_local_matching_service_example",
      "mode": "managed",
      "type": "github_repository",
      "name": "repo",
      "provider": "provider.github",
      "instances": [
        {
          "schema_version": 0,
          "attributes": {
            "allow_merge_commit": true,
            "allow_rebase_merge": false,
            "allow_squash_merge": false,
            "archived": false,
            "auto_init": true,
            "default_branch": "master",
            "description": "",
            "etag": "W/\"881201698da8b7f5e1edf2a42bb0e93e\"",
            "full_name": "alphagov/verify-local-matching-service-example",
            "git_clone_url": "git://github.com/alphagov/verify-local-matching-service-example.git",
            "gitignore_template": null,
            "has_downloads": false,
            "has_issues": true,
            "has_projects": null,
            "has_wiki": true,
            "homepage_url": "",
            "html_url": "https://github.com/alphagov/verify-local-matching-service-example",
            "http_clone_url": "https://github.com/alphagov/verify-local-matching-service-example.git",
            "id": "verify-local-matching-service-example",
            "license_template": null,
            "name": "verify-local-matching-service-example",
            "private": false,
            "ssh_clone_url": "git@github.com:alphagov/verify-local-matching-service-example.git",
            "svn_url": "https://github.com/alphagov/verify-local-matching-service-example",
            "topics": [
              "verify"
            ]
          }
        }
      ]
    },
    {
      "module": "module.repo_verify_eidas_metadata_aggregator",
      "mode": "managed",
      "type": "github_repository",
      "name": "repo",
      "provider": "provider.github",
      "instances": [
        {
          "schema_version": 0,
          "attributes": {
            "allow_merge_commit": true,
            "allow_rebase_merge": false,
            "allow_squash_merge": false,
            "archived": false,
            "auto_init": true,
            "default_branch": "master",
            "description": "Script to aggregate SAML metadata from EU countries",
            "etag": "W/\"5df89514b15ce91fd461918c775b68a5\"",
            "full_name": "alphagov/verify-eidas-metadata-aggregator",
            "git_clone_url": "git://github.com/alphagov/verify-eidas-metadata-aggregator.git",
            "gitignore_template": null,
            "has_downloads": false,
            "has_issues": true,
            "has_projects": null,
            "has_wiki": true,
            "homepage_url": "",
            "html_url": "https://github.com/alphagov/verify-eidas-metadata-aggregator",
            "http_clone_url": "https://github.com/alphagov/verify-eidas-metadata-aggregator.git",
            "id": "verify-eidas-metadata-aggregator",
            "license_template": null,
            "name": "verify-eidas-metadata-aggregator",
            "private": false,
            "ssh_clone_url": "git@github.com:alphagov/verify-eidas-metadata-aggregator.git",
            "svn_url": "https://github.com/alphagov/verify-eidas-metadata-aggregator",
            "topics": [
              "verify"
            ]
          }
        }
      ]
    },
    {
      "module": "module.repo_verify_blackbox_passwords",
      "mode": "managed",
      "type": "github_repository",
      "name": "repo",
      "provider": "provider.github",
      "instances": [
        {
          "schema_version": 0,
          "attributes": {
            "allow_merge_commit": true,
            "allow_rebase_merge": false,
            "allow_squash_merge": false,
            "archived": false,
            "auto_init": null,
            "default_branch": "master",
            "description": "Securely stored credentials for Verify",
            "etag": "W/\"5f1b0b385642610898668207eca104c4\"",
            "full_name": "alphagov/verify-blackbox-passwords",
            "git_clone_url": "git://github.com/alphagov/verify-blackbox-passwords.git",
            "gitignore_template": null,
            "has_downloads": false,
            "has_issues": true,
            "has_projects": null,
            "has_wiki": true,
            "homepage_url": "",
            "html_url": "https://github.com/alphagov/verify-blackbox-passwords",
            "http_clone_url": "https://github.com/alphagov/verify-blackbox-passwords.git",
            "id": "verify-blackbox-passwords",
            "license_template": null,
            "name": "verify-blackbox-passwords",
            "private": true,
            "ssh_clone_url": "git@github.com:alphagov/verify-blackbox-passwords.git",
            "svn_url": "https://github.com/alphagov/verify-blackbox-passwords",
            "topics": [
              "verify"
            ]
          }
        }
      ]
    },
    {
      "module": "module.repo_verify_event_emitter",
      "mode": "managed",
      "type": "github_repository",
      "name": "repo",
      "provider": "provider.github",
      "instances": [
        {
          "schema_version": 0,
          "attributes": {
            "allow_merge_commit": true,
            "allow_rebase_merge": false,
            "allow_squash_merge": false,
            "archived": false,
            "auto_init": true,
            "default_branch": "master",
            "description": "Send events",
            "etag": "W/\"e35e209ac47746d708914e1db9c612f5\"",
            "full_name": "alphagov/verify-event-emitter",
            "git_clone_url": "git://github.com/alphagov/verify-event-emitter.git",
            "gitignore_template": null,
            "has_downloads": false,
            "has_issues": true,
            "has_projects": null,
            "has_wiki": true,
            "homepage_url": "",
            "html_url": "https://github.com/alphagov/verify-event-emitter",
            "http_clone_url": "https://github.com/alphagov/verify-event-emitter.git",
            "id": "verify-event-emitter",
            "license_template": null,
            "name": "verify-event-emitter",
            "private": false,
            "ssh_clone_url": "git@github.com:alphagov/verify-event-emitter.git",
            "svn_url": "https://github.com/alphagov/verify-event-emitter",
            "topics": [
              "verify"
            ]
          }
        }
      ]
    },
    {
      "module": "module.repo_verify_eidas_mw_run",
      "mode": "managed",
      "type": "github_repository",
      "name": "repo",
      "provider": "provider.github",
      "instances": [
        {
          "schema_version": 0,
          "attributes": {
            "allow_merge_commit": true,
            "allow_rebase_merge": false,
            "allow_squash_merge": false,
            "archived": false,
            "auto_init": true,
            "default_branch": "master",
            "description": "German eIDAS middleware run container",
            "etag": "W/\"eadd6e73a703cb51638b2fc65e93e31d\"",
            "full_name": "alphagov/verify-eidas-mw-run",
            "git_clone_url": "git://github.com/alphagov/verify-eidas-mw-run.git",
            "gitignore_template": null,
            "has_downloads": false,
            "has_issues": true,
            "has_projects": null,
            "has_wiki": true,
            "homepage_url": "",
            "html_url": "https://github.com/alphagov/verify-eidas-mw-run",
            "http_clone_url": "https://github.com/alphagov/verify-eidas-mw-run.git",
            "id": "verify-eidas-mw-run",
            "license_template": null,
            "name": "verify-eidas-mw-run",
            "private": false,
            "ssh_clone_url": "git@github.com:alphagov/verify-eidas-mw-run.git",
            "svn_url": "https://github.com/alphagov/verify-eidas-mw-run",
            "topics": []
          }
        }
      ]
    },
    {
      "module": "module.repo_passport_verify",
      "mode": "managed",
      "type": "github_repository",
      "name": "repo",
      "provider": "provider.github",
      "instances": [
        {
          "schema_version": 0,
          "attributes": {
            "allow_merge_commit": true,
            "allow_rebase_merge": false,
            "allow_squash_merge": false,
            "archived": false,
            "auto_init": true,
            "default_branch": "master",
            "description": ":passport_control: :crown: :ballot_box_with_check: A passport.js strategy for GOV.UK Verify",
            "etag": "W/\"de14ac99f219a496e2f40a9fd547418b\"",
            "full_name": "alphagov/passport-verify",
            "git_clone_url": "git://github.com/alphagov/passport-verify.git",
            "gitignore_template": null,
            "has_downloads": false,
            "has_issues": true,
            "has_projects": null,
            "has_wiki": true,
            "homepage_url": "",
            "html_url": "https://github.com/alphagov/passport-verify",
            "http_clone_url": "https://github.com/alphagov/passport-verify.git",
            "id": "passport-verify",
            "license_template": null,
            "name": "passport-verify",
            "private": false,
            "ssh_clone_url": "git@github.com:alphagov/passport-verify.git",
            "svn_url": "https://github.com/alphagov/passport-verify",
            "topics": [
              "verify"
            ]
          }
        }
      ]
    },
    {
      "module": "module.repo_verify_stub_idp",
      "mode": "managed",
      "type": "github_repository",
      "name": "repo",
      "provider": "provider.github",
      "instances": [
        {
          "schema_version": 0,
          "attributes": {
            "allow_merge_commit": true,
            "allow_rebase_merge": false,
            "allow_squash_merge": false,
            "archived": false,
            "auto_init": true,
            "default_branch": "master",
            "description": "Stub Identity Provider and Stub eIDAS Proxy Service Node used for testing GOV.UK Verify",
            "etag": "W/\"da69011140f3055b6f58434c65db97c8\"",
            "full_name": "alphagov/verify-stub-idp",
            "git_clone_url": "git://github.com/alphagov/verify-stub-idp.git",
            "gitignore_template": null,
            "has_downloads": false,
            "has_issues": true,
            "has_projects": null,
            "has_wiki": true,
            "homepage_url": "",
            "html_url": "https://github.com/alphagov/verify-stub-idp",
            "http_clone_url": "https://github.com/alphagov/verify-stub-idp.git",
            "id": "verify-stub-idp",
            "license_template": null,
            "name": "verify-stub-idp",
            "private": false,
            "ssh_clone_url": "git@github.com:alphagov/verify-stub-idp.git",
            "svn_url": "https://github.com/alphagov/verify-stub-idp",
            "topics": [
              "eidas",
              "idp",
              "stub",
              "verify"
            ]
          }
        }
      ]
    },
    {
      "module": "module.repo_verify_infrastructure_config",
      "mode": "managed",
      "type": "github_repository",
      "name": "repo",
      "provider": "provider.github",
      "instances": [
        {
          "schema_version": 0,
          "attributes": {
            "allow_merge_commit": true,
            "allow_rebase_merge": false,
            "allow_squash_merge": false,
            "archived": false,
            "auto_init": null,
            "default_branch": "master",
            "description": "ECS Hub Config (including the CI/CD pipeline)",
            "etag": "W/\"fd1bf8de0cbf97d36ab207b759cdebac\"",
            "full_name": "alphagov/verify-infrastructure-config",
            "git_clone_url": "git://github.com/alphagov/verify-infrastructure-config.git",
            "gitignore_template": null,
            "has_downloads": false,
            "has_issues": true,
            "has_projects": null,
            "has_wiki": true,
            "homepage_url": "",
            "html_url": "https://github.com/alphagov/verify-infrastructure-config",
            "http_clone_url": "https://github.com/alphagov/verify-infrastructure-config.git",
            "id": "verify-infrastructure-config",
            "license_template": null,
            "name": "verify-infrastructure-config",
            "private": true,
            "ssh_clone_url": "git@github.com:alphagov/verify-infrastructure-config.git",
            "svn_url": "https://github.com/alphagov/verify-infrastructure-config",
            "topics": []
          }
        }
      ]
    },
    {
      "module": "module.repo_verify_idp_pid_hasherator",
      "mode": "managed",
      "type": "github_repository",
      "name": "repo",
      "provider": "provider.github",
      "instances": [
        {
          "schema_version": 0,
          "attributes": {
            "allow_merge_commit": true,
            "allow_rebase_merge": false,
            "allow_squash_merge": false,
            "archived": false,
            "auto_init": null,
            "default_branch": "master",
            "description": "Hash event PIDs from IDP reports for reconciliation",
            "etag": "W/\"d032eaba9f2f5100a66eae95c834de3c\"",
            "full_name": "alphagov/verify-idp-pid-hasherator",
            "git_clone_url": "git://github.com/alphagov/verify-idp-pid-hasherator.git",
            "gitignore_template": null,
            "has_downloads": false,
            "has_issues": true,
            "has_projects": null,
            "has_wiki": true,
            "homepage_url": "",
            "html_url": "https://github.com/alphagov/verify-idp-pid-hasherator",
            "http_clone_url": "https://github.com/alphagov/verify-idp-pid-hasherator.git",
            "id": "verify-idp-pid-hasherator",
            "license_template": null,
            "name": "verify-idp-pid-hasherator",
            "private": false,
            "ssh_clone_url": "git@github.com:alphagov/verify-idp-pid-hasherator.git",
            "svn_url": "https://github.com/alphagov/verify-idp-pid-hasherator",
            "topics": []
          }
        }
      ]
    },
    {
      "module": "module.repo_verify_self_service",
      "mode": "managed",
      "type": "github_repository",
      "name": "repo",
      "provider": "provider.github",
      "instances": [
        {
          "schema_version": 0,
          "attributes": {
            "allow_merge_commit": true,
            "allow_rebase_merge": false,
            "allow_squash_merge": false,
            "archived": false,
            "auto_init": null,
            "default_branch": "master",
            "description": "Verify self-service platform",
            "etag": "W/\"8e065fc91a0afc279038097c931cdc9f\"",
            "full_name": "alphagov/verify-self-service",
            "git_clone_url": "git://github.com/alphagov/verify-self-service.git",
            "gitignore_template": null,
            "has_downloads": false,
            "has_issues": true,
            "has_projects": null,
            "has_wiki": true,
            "homepage_url": "",
            "html_url": "https://github.com/alphagov/verify-self-service",
            "http_clone_url": "https://github.com/alphagov/verify-self-service.git",
            "id": "verify-self-service",
            "license_template": null,
            "name": "verify-self-service",
            "private": false,
            "ssh_clone_url": "git@github.com:alphagov/verify-self-service.git",
            "svn_url": "https://github.com/alphagov/verify-self-service",
            "topics": [
              "verify"
            ]
          }
        }
      ]
    },
    {
      "module": "module.repo_verify_data_pipeline",
      "mode": "managed",
      "type": "github_repository",
      "name": "repo",
      "provider": "provider.github",
      "instances": [
        {
          "schema_version": 0,
          "attributes": {
            "allow_merge_commit": true,
            "allow_rebase_merge": false,
            "allow_squash_merge": false,
            "archived": false,
            "auto_init": true,
            "default_branch": "master",
            "description": "Manages Analytics code that generates statistics that inform journey improvements",
            "etag": "W/\"cabc715cb15c7f28cbf26f3fd8981c8e\"",
            "full_name": "alphagov/verify-data-pipeline",
            "git_clone_url": "git://github.com/alphagov/verify-data-pipeline.git",
            "gitignore_template": null,
            "has_downloads": false,
            "has_issues": true,
            "has_projects": null,
            "has_wiki": true,
            "homepage_url": "",
            "html_url": "https://github.com/alphagov/verify-data-pipeline",
            "http_clone_url": "https://github.com/alphagov/verify-data-pipeline.git",
            "id": "verify-data-pipeline",
            "license_template": null,
            "name": "verify-data-pipeline",
            "private": true,
            "ssh_clone_url": "git@github.com:alphagov/verify-data-pipeline.git",
            "svn_url": "https://github.com/alphagov/verify-data-pipeline",
            "topics": [
              "verify"
            ]
          }
        }
      ]
    },
    {
      "module": "module.repo_ida_hub_acceptance_tests",
      "mode": "managed",
      "type": "github_repository",
      "name": "repo",
      "provider": "provider.github",
      "instances": [
        {
          "schema_version": 0,
          "attributes": {
            "allow_merge_commit": true,
            "allow_rebase_merge": false,
            "allow_squash_merge": false,
            "archived": false,
            "auto_init": true,
            "default_branch": "master",
            "description": "Verify Hub acceptance tests (temporary)",
            "etag": "W/\"cd49524dfec988d9e92a7d77b97011b4\"",
            "full_name": "alphagov/ida-hub-acceptance-tests",
            "git_clone_url": "git://github.com/alphagov/ida-hub-acceptance-tests.git",
            "gitignore_template": null,
            "has_downloads": false,
            "has_issues": true,
            "has_projects": null,
            "has_wiki": true,
            "homepage_url": "",
            "html_url": "https://github.com/alphagov/ida-hub-acceptance-tests",
            "http_clone_url": "https://github.com/alphagov/ida-hub-acceptance-tests.git",
            "id": "ida-hub-acceptance-tests",
            "license_template": null,
            "name": "ida-hub-acceptance-tests",
            "private": true,
            "ssh_clone_url": "git@github.com:alphagov/ida-hub-acceptance-tests.git",
            "svn_url": "https://github.com/alphagov/ida-hub-acceptance-tests",
            "topics": [
              "verify"
            ]
          }
        }
      ]
    },
    {
      "module": "module.repo_verify_local_startup",
      "mode": "managed",
      "type": "github_repository",
      "name": "repo",
      "provider": "provider.github",
      "instances": [
        {
          "schema_version": 0,
          "attributes": {
            "allow_merge_commit": true,
            "allow_rebase_merge": false,
            "allow_squash_merge": false,
            "archived": false,
            "auto_init": null,
            "default_branch": "master",
            "description": "Utilities to run the Verify Hub and stubs locally",
            "etag": "W/\"3a39892466486f93bf876daabb9aa89f\"",
            "full_name": "alphagov/verify-local-startup",
            "git_clone_url": "git://github.com/alphagov/verify-local-startup.git",
            "gitignore_template": null,
            "has_downloads": false,
            "has_issues": true,
            "has_projects": null,
            "has_wiki": true,
            "homepage_url": "",
            "html_url": "https://github.com/alphagov/verify-local-startup",
            "http_clone_url": "https://github.com/alphagov/verify-local-startup.git",
            "id": "verify-local-startup",
            "license_template": null,
            "name": "verify-local-startup",
            "private": false,
            "ssh_clone_url": "git@github.com:alphagov/verify-local-startup.git",
            "svn_url": "https://github.com/alphagov/verify-local-startup",
            "topics": [
              "verify"
            ]
          }
        }
      ]
    },
    {
      "module": "module.repo_doc_checking",
      "mode": "managed",
      "type": "github_repository",
      "name": "repo",
      "provider": "provider.github",
      "instances": [
        {
          "schema_version": 0,
          "attributes": {
            "allow_merge_commit": true,
            "allow_rebase_merge": false,
            "allow_squash_merge": false,
            "archived": false,
            "auto_init": true,
            "default_branch": "master",
            "description": "Verify Document Checking Service",
            "etag": "W/\"cfa02b1a00ece8b23461e196a3f88e5f\"",
            "full_name": "alphagov/doc-checking",
            "git_clone_url": "git://github.com/alphagov/doc-checking.git",
            "gitignore_template": null,
            "has_downloads": false,
            "has_issues": true,
            "has_projects": null,
            "has_wiki": true,
            "homepage_url": "",
            "html_url": "https://github.com/alphagov/doc-checking",
            "http_clone_url": "https://github.com/alphagov/doc-checking.git",
            "id": "doc-checking",
            "license_template": null,
            "name": "doc-checking",
            "private": true,
            "ssh_clone_url": "git@github.com:alphagov/doc-checking.git",
            "svn_url": "https://github.com/alphagov/doc-checking",
            "topics": [
              "verify"
            ]
          }
        }
      ]
    },
    {
      "module": "module.repo_verify_data_pipeline_config",
      "mode": "managed",
      "type": "github_repository",
      "name": "repo",
      "provider": "provider.github",
      "instances": [
        {
          "schema_version": 0,
          "attributes": {
            "allow_merge_commit": true,
            "allow_rebase_merge": false,
            "allow_squash_merge": false,
            "archived": false,
            "auto_init": true,
            "default_branch": "master",
            "description": "Holds configuration data to help verify data pipeline run in production",
            "etag": "W/\"15f303211a9a9b70592a5b7ade96b1d6\"",
            "full_name": "alphagov/verify-data-pipeline-config",
            "git_clone_url": "git://github.com/alphagov/verify-data-pipeline-config.git",
            "gitignore_template": null,
            "has_downloads": false,
            "has_issues": true,
            "has_projects": null,
            "has_wiki": true,
            "homepage_url": "",
            "html_url": "https://github.com/alphagov/verify-data-pipeline-config",
            "http_clone_url": "https://github.com/alphagov/verify-data-pipeline-config.git",
            "id": "verify-data-pipeline-config",
            "license_template": null,
            "name": "verify-data-pipeline-config",
            "private": true,
            "ssh_clone_url": "git@github.com:alphagov/verify-data-pipeline-config.git",
            "svn_url": "https://github.com/alphagov/verify-data-pipeline-config",
            "topics": []
          }
        }
      ]
    },
    {
      "module": "module.repo_verify_test_rp",
      "mode": "managed",
      "type": "github_repository",
      "name": "repo",
      "provider": "provider.github",
      "instances": [
        {
          "schema_version": 0,
          "attributes": {
            "allow_merge_commit": true,
            "allow_rebase_merge": false,
            "allow_squash_merge": false,
            "archived": false,
            "auto_init": true,
            "default_branch": "master",
            "description": "Verify Test Relying Party",
            "etag": "W/\"fd10b439d8539c7fdfc4265f58c1b83b\"",
            "full_name": "alphagov/verify-test-rp",
            "git_clone_url": "git://github.com/alphagov/verify-test-rp.git",
            "gitignore_template": null,
            "has_downloads": false,
            "has_issues": true,
            "has_projects": null,
            "has_wiki": true,
            "homepage_url": "",
            "html_url": "https://github.com/alphagov/verify-test-rp",
            "http_clone_url": "https://github.com/alphagov/verify-test-rp.git",
            "id": "verify-test-rp",
            "license_template": null,
            "name": "verify-test-rp",
            "private": false,
            "ssh_clone_url": "git@github.com:alphagov/verify-test-rp.git",
            "svn_url": "https://github.com/alphagov/verify-test-rp",
            "topics": [
              "relying-party",
              "test",
              "verify"
            ]
          }
        }
      ]
    },
    {
      "module": "module.repo_verify_eidas_trust_anchor",
      "mode": "managed",
      "type": "github_repository",
      "name": "repo",
      "provider": "provider.github",
      "instances": [
        {
          "schema_version": 0,
          "attributes": {
            "allow_merge_commit": true,
            "allow_rebase_merge": false,
            "allow_squash_merge": false,
            "archived": false,
            "auto_init": true,
            "default_branch": "master",
            "description": "Generates trust anchors as JSON Web Keys that allow MSAs and Hubs to validate European metadata.",
            "etag": "W/\"0d8d5a9afaa39369ba1e8784b19a9c41\"",
            "full_name": "alphagov/verify-eidas-trust-anchor",
            "git_clone_url": "git://github.com/alphagov/verify-eidas-trust-anchor.git",
            "gitignore_template": null,
            "has_downloads": false,
            "has_issues": true,
            "has_projects": null,
            "has_wiki": true,
            "homepage_url": "",
            "html_url": "https://github.com/alphagov/verify-eidas-trust-anchor",
            "http_clone_url": "https://github.com/alphagov/verify-eidas-trust-anchor.git",
            "id": "verify-eidas-trust-anchor",
            "license_template": null,
            "name": "verify-eidas-trust-anchor",
            "private": false,
            "ssh_clone_url": "git@github.com:alphagov/verify-eidas-trust-anchor.git",
            "svn_url": "https://github.com/alphagov/verify-eidas-trust-anchor",
            "topics": [
              "verify"
            ]
          }
        }
      ]
    },
    {
      "module": "module.repo_metadata_checker",
      "mode": "managed",
      "type": "github_repository",
      "name": "repo",
      "provider": "provider.github",
      "instances": [
        {
          "schema_version": 0,
          "attributes": {
            "allow_merge_commit": true,
            "allow_rebase_merge": false,
            "allow_squash_merge": false,
            "archived": false,
            "auto_init": null,
            "default_branch": "master",
            "description": "Tools for parsing and monitoring SAML metadata",
            "etag": "W/\"a66763d9742564264bb91b6a03345f51\"",
            "full_name": "alphagov/metadata-checker",
            "git_clone_url": "git://github.com/alphagov/metadata-checker.git",
            "gitignore_template": null,
            "has_downloads": false,
            "has_issues": true,
            "has_projects": null,
            "has_wiki": true,
            "homepage_url": "",
            "html_url": "https://github.com/alphagov/metadata-checker",
            "http_clone_url": "https://github.com/alphagov/metadata-checker.git",
            "id": "metadata-checker",
            "license_template": null,
            "name": "metadata-checker",
            "private": false,
            "ssh_clone_url": "git@github.com:alphagov/metadata-checker.git",
            "svn_url": "https://github.com/alphagov/metadata-checker",
            "topics": [
              "verify"
            ]
          }
        }
      ]
    },
    {
      "module": "module.repo_verify_product_page",
      "mode": "managed",
      "type": "github_repository",
      "name": "repo",
      "provider": "provider.github",
      "instances": [
        {
          "schema_version": 0,
          "attributes": {
            "allow_merge_commit": true,
            "allow_rebase_merge": false,
            "allow_squash_merge": false,
            "archived": false,
            "auto_init": false,
            "default_branch": "master",
            "description": "Product landing page for GOV.UK Verify",
            "etag": "W/\"524520a85c4bf63c35eaeea7cd0eecf1\"",
            "full_name": "alphagov/verify-product-page",
            "git_clone_url": "git://github.com/alphagov/verify-product-page.git",
            "gitignore_template": null,
            "has_downloads": false,
            "has_issues": true,
            "has_projects": null,
            "has_wiki": true,
            "homepage_url": "",
            "html_url": "https://github.com/alphagov/verify-product-page",
            "http_clone_url": "https://github.com/alphagov/verify-product-page.git",
            "id": "verify-product-page",
            "license_template": null,
            "name": "verify-product-page",
            "private": false,
            "ssh_clone_url": "git@github.com:alphagov/verify-product-page.git",
            "svn_url": "https://github.com/alphagov/verify-product-page",
            "topics": [
              "verify"
            ]
          }
        }
      ]
    },
    {
      "module": "module.repo_verify_data_schemas",
      "mode": "managed",
      "type": "github_repository",
      "name": "repo",
      "provider": "provider.github",
      "instances": [
        {
          "schema_version": 0,
          "attributes": {
            "allow_merge_commit": true,
            "allow_rebase_merge": false,
            "allow_squash_merge": false,
            "archived": true,
            "auto_init": true,
            "default_branch": "master",
            "description": "YAML specifications for Verify data",
            "etag": "W/\"3c9895eb943142e02c6cf3d1d47f88f7\"",
            "full_name": "alphagov/verify-data-schemas",
            "git_clone_url": "git://github.com/alphagov/verify-data-schemas.git",
            "gitignore_template": null,
            "has_downloads": false,
            "has_issues": true,
            "has_projects": null,
            "has_wiki": true,
            "homepage_url": "",
            "html_url": "https://github.com/alphagov/verify-data-schemas",
            "http_clone_url": "https://github.com/alphagov/verify-data-schemas.git",
            "id": "verify-data-schemas",
            "license_template": null,
            "name": "verify-data-schemas",
            "private": false,
            "ssh_clone_url": "git@github.com:alphagov/verify-data-schemas.git",
            "svn_url": "https://github.com/alphagov/verify-data-schemas",
            "topics": [
              "verify"
            ]
          }
        }
      ]
    },
    {
      "module": "module.repo_verify_boxes",
      "mode": "managed",
      "type": "github_repository",
      "name": "repo",
      "provider": "provider.github",
      "instances": [
        {
          "schema_version": 0,
          "attributes": {
            "allow_merge_commit": true,
            "allow_rebase_merge": false,
            "allow_squash_merge": false,
            "archived": false,
            "auto_init": true,
            "default_branch": "master",
            "description": "Verify specific configuration for vcloud-launch ",
            "etag": "W/\"7c518c4121268d198f6389446e270412\"",
            "full_name": "alphagov/verify-boxes",
            "git_clone_url": "git://github.com/alphagov/verify-boxes.git",
            "gitignore_template": null,
            "has_downloads": false,
            "has_issues": true,
            "has_projects": null,
            "has_wiki": true,
            "homepage_url": "",
            "html_url": "https://github.com/alphagov/verify-boxes",
            "http_clone_url": "https://github.com/alphagov/verify-boxes.git",
            "id": "verify-boxes",
            "license_template": null,
            "name": "verify-boxes",
            "private": true,
            "ssh_clone_url": "git@github.com:alphagov/verify-boxes.git",
            "svn_url": "https://github.com/alphagov/verify-boxes",
            "topics": [
              "verify"
            ]
          }
        }
      ]
    },
    {
      "module": "module.repo_verify_utils_libs",
      "mode": "managed",
      "type": "github_repository",
      "name": "repo",
      "provider": "provider.github",
      "instances": [
        {
          "schema_version": 0,
          "attributes": {
            "allow_merge_commit": true,
            "allow_rebase_merge": false,
            "allow_squash_merge": false,
            "archived": false,
            "auto_init": true,
            "default_branch": "master",
            "description": "Libraries used across multiple Verify projects",
            "etag": "W/\"2d472ed8f3934237bbe659ac563035bd\"",
            "full_name": "alphagov/verify-utils-libs",
            "git_clone_url": "git://github.com/alphagov/verify-utils-libs.git",
            "gitignore_template": null,
            "has_downloads": false,
            "has_issues": true,
            "has_projects": null,
            "has_wiki": true,
            "homepage_url": "",
            "html_url": "https://github.com/alphagov/verify-utils-libs",
            "http_clone_url": "https://github.com/alphagov/verify-utils-libs.git",
            "id": "verify-utils-libs",
            "license_template": null,
            "name": "verify-utils-libs",
            "private": false,
            "ssh_clone_url": "git@github.com:alphagov/verify-utils-libs.git",
            "svn_url": "https://github.com/alphagov/verify-utils-libs",
            "topics": [
              "verify"
            ]
          }
        }
      ]
    },
    {
      "module": "module.repo_dcs_performance_tests",
      "mode": "managed",
      "type": "github_repository",
      "name": "repo",
      "provider": "provider.github",
      "instances": [
        {
          "schema_version": 0,
          "attributes": {
            "allow_merge_commit": true,
            "allow_rebase_merge": false,
            "allow_squash_merge": false,
            "archived": false,
            "auto_init": true,
            "default_branch": "master",
            "description": "Verify DCS Performance Tests",
            "etag": "W/\"86d9cac61d03a9d8ea6ed4c179e4c10f\"",
            "full_name": "alphagov/dcs-performance-tests",
            "git_clone_url": "git://github.com/alphagov/dcs-performance-tests.git",
            "gitignore_template": null,
            "has_downloads": false,
            "has_issues": true,
            "has_projects": null,
            "has_wiki": true,
            "homepage_url": "",
            "html_url": "https://github.com/alphagov/dcs-performance-tests",
            "http_clone_url": "https://github.com/alphagov/dcs-performance-tests.git",
            "id": "dcs-performance-tests",
            "license_template": null,
            "name": "dcs-performance-tests",
            "private": true,
            "ssh_clone_url": "git@github.com:alphagov/dcs-performance-tests.git",
            "svn_url": "https://github.com/alphagov/dcs-performance-tests",
            "topics": [
              "verify"
            ]
          }
        }
      ]
    },
    {
      "module": "module.repo_dcs_client",
      "mode": "managed",
      "type": "github_repository",
      "name": "repo",
      "provider": "provider.github",
      "instances": [
        {
          "schema_version": 0,
          "attributes": {
            "allow_merge_commit": true,
            "allow_rebase_merge": false,
            "allow_squash_merge": false,
            "archived": false,
            "auto_init": true,
            "default_branch": "master",
            "description": "A client for the Document Checking Service",
            "etag": "W/\"3fb7ed0cf1d816da140334c61f574e82\"",
            "full_name": "alphagov/dcs-client",
            "git_clone_url": "git://github.com/alphagov/dcs-client.git",
            "gitignore_template": null,
            "has_downloads": false,
            "has_issues": true,
            "has_projects": null,
            "has_wiki": true,
            "homepage_url": "",
            "html_url": "https://github.com/alphagov/dcs-client",
            "http_clone_url": "https://github.com/alphagov/dcs-client.git",
            "id": "dcs-client",
            "license_template": null,
            "name": "dcs-client",
            "private": false,
            "ssh_clone_url": "git@github.com:alphagov/dcs-client.git",
            "svn_url": "https://github.com/alphagov/dcs-client",
            "topics": [
              "dcs",
              "verify"
            ]
          }
        }
      ]
    },
    {
      "module": "module.repo_ida_performance_tests",
      "mode": "managed",
      "type": "github_repository",
      "name": "repo",
      "provider": "provider.github",
      "instances": [
        {
          "schema_version": 0,
          "attributes": {
            "allow_merge_commit": true,
            "allow_rebase_merge": false,
            "allow_squash_merge": false,
            "archived": false,
            "auto_init": false,
            "default_branch": "master",
            "description": "Verify Performance Testing (temporary)",
            "etag": "W/\"8427d6877891226f69334d6e5e921bc5\"",
            "full_name": "alphagov/ida-performance-tests",
            "git_clone_url": "git://github.com/alphagov/ida-performance-tests.git",
            "gitignore_template": null,
            "has_downloads": false,
            "has_issues": true,
            "has_projects": null,
            "has_wiki": true,
            "homepage_url": "",
            "html_url": "https://github.com/alphagov/ida-performance-tests",
            "http_clone_url": "https://github.com/alphagov/ida-performance-tests.git",
            "id": "ida-performance-tests",
            "license_template": null,
            "name": "ida-performance-tests",
            "private": true,
            "ssh_clone_url": "git@github.com:alphagov/ida-performance-tests.git",
            "svn_url": "https://github.com/alphagov/ida-performance-tests",
            "topics": [
              "verify"
            ]
          },
          "private": "bnVsbA=="
        }
      ]
    },
    {
      "module": "module.repo_verify_dashing",
      "mode": "managed",
      "type": "github_repository",
      "name": "repo",
      "provider": "provider.github",
      "instances": [
        {
          "schema_version": 0,
          "attributes": {
            "allow_merge_commit": true,
            "allow_rebase_merge": false,
            "allow_squash_merge": false,
            "archived": false,
            "auto_init": null,
            "default_branch": "master",
            "description": "Used to run yak dashboard",
            "etag": "W/\"5b6014fc9446bb4e929917943d287182\"",
            "full_name": "alphagov/verify-dashing",
            "git_clone_url": "git://github.com/alphagov/verify-dashing.git",
            "gitignore_template": null,
            "has_downloads": false,
            "has_issues": true,
            "has_projects": null,
            "has_wiki": true,
            "homepage_url": "",
            "html_url": "https://github.com/alphagov/verify-dashing",
            "http_clone_url": "https://github.com/alphagov/verify-dashing.git",
            "id": "verify-dashing",
            "license_template": null,
            "name": "verify-dashing",
            "private": true,
            "ssh_clone_url": "git@github.com:alphagov/verify-dashing.git",
            "svn_url": "https://github.com/alphagov/verify-dashing",
            "topics": [
              "verify"
            ]
          }
        }
      ]
    },
    {
      "module": "module.repo_verify_matching_service_adapter",
      "mode": "managed",
      "type": "github_repository",
      "name": "repo",
      "provider": "provider.github",
      "instances": [
        {
          "schema_version": 0,
          "attributes": {
            "allow_merge_commit": true,
            "allow_rebase_merge": false,
            "allow_squash_merge": false,
            "archived": false,
            "auto_init": true,
            "default_branch": "master",
            "description": "Verify Matching Service Adapter",
            "etag": "W/\"8652693a21f87913099f6d2615e20cb9\"",
            "full_name": "alphagov/verify-matching-service-adapter",
            "git_clone_url": "git://github.com/alphagov/verify-matching-service-adapter.git",
            "gitignore_template": null,
            "has_downloads": false,
            "has_issues": true,
            "has_projects": null,
            "has_wiki": true,
            "homepage_url": "",
            "html_url": "https://github.com/alphagov/verify-matching-service-adapter",
            "http_clone_url": "https://github.com/alphagov/verify-matching-service-adapter.git",
            "id": "verify-matching-service-adapter",
            "license_template": null,
            "name": "verify-matching-service-adapter",
            "private": false,
            "ssh_clone_url": "git@github.com:alphagov/verify-matching-service-adapter.git",
            "svn_url": "https://github.com/alphagov/verify-matching-service-adapter",
            "topics": [
              "verify"
            ]
          }
        }
      ]
    },
    {
      "module": "module.repo_verify_tech_team",
      "mode": "managed",
      "type": "github_repository",
      "name": "repo",
      "provider": "provider.github",
      "instances": [
        {
          "schema_version": 0,
          "attributes": {
            "allow_merge_commit": true,
            "allow_rebase_merge": false,
            "allow_squash_merge": false,
            "archived": false,
            "auto_init": true,
            "default_branch": "master",
            "description": "Data about Verify team members",
            "etag": "W/\"61e05bb2b69be503e7b9fb8472dc461b\"",
            "full_name": "alphagov/verify-tech-team",
            "git_clone_url": "git://github.com/alphagov/verify-tech-team.git",
            "gitignore_template": null,
            "has_downloads": false,
            "has_issues": true,
            "has_projects": null,
            "has_wiki": true,
            "homepage_url": "",
            "html_url": "https://github.com/alphagov/verify-tech-team",
            "http_clone_url": "https://github.com/alphagov/verify-tech-team.git",
            "id": "verify-tech-team",
            "license_template": null,
            "name": "verify-tech-team",
            "private": true,
            "ssh_clone_url": "git@github.com:alphagov/verify-tech-team.git",
            "svn_url": "https://github.com/alphagov/verify-tech-team",
            "topics": [
              "verify"
            ]
          }
        }
      ]
    },
    {
      "module": "module.repo_verify_matomo_utils",
      "mode": "managed",
      "type": "github_repository",
      "name": "repo",
      "provider": "provider.github",
      "instances": [
        {
          "schema_version": 0,
          "attributes": {
            "allow_merge_commit": true,
            "allow_rebase_merge": false,
            "allow_squash_merge": false,
            "archived": false,
            "auto_init": true,
            "default_branch": "master",
            "description": "Collection of tools used for interacting with Matomo (formerly called Piwik)",
            "etag": "W/\"2b55421c9487ff8eea73c171660c6ec9\"",
            "full_name": "alphagov/verify-matomo-utils",
            "git_clone_url": "git://github.com/alphagov/verify-matomo-utils.git",
            "gitignore_template": null,
            "has_downloads": false,
            "has_issues": true,
            "has_projects": null,
            "has_wiki": true,
            "homepage_url": "",
            "html_url": "https://github.com/alphagov/verify-matomo-utils",
            "http_clone_url": "https://github.com/alphagov/verify-matomo-utils.git",
            "id": "verify-matomo-utils",
            "license_template": null,
            "name": "verify-matomo-utils",
            "private": false,
            "ssh_clone_url": "git@github.com:alphagov/verify-matomo-utils.git",
            "svn_url": "https://github.com/alphagov/verify-matomo-utils",
            "topics": []
          }
        }
      ]
    },
    {
      "module": "module.repo_verify_fabric",
      "mode": "managed",
      "type": "github_repository",
      "name": "repo",
      "provider": "provider.github",
      "instances": [
        {
          "schema_version": 0,
          "attributes": {
            "allow_merge_commit": true,
            "allow_rebase_merge": false,
            "allow_squash_merge": false,
            "archived": false,
            "auto_init": true,
            "default_branch": "master",
            "description": " Fabric for Verify ",
            "etag": "W/\"76e72f6b9e421b02177a97eb83e2e00a\"",
            "full_name": "alphagov/verify-fabric",
            "git_clone_url": "git://github.com/alphagov/verify-fabric.git",
            "gitignore_template": null,
            "has_downloads": false,
            "has_issues": true,
            "has_projects": null,
            "has_wiki": true,
            "homepage_url": "",
            "html_url": "https://github.com/alphagov/verify-fabric",
            "http_clone_url": "https://github.com/alphagov/verify-fabric.git",
            "id": "verify-fabric",
            "license_template": null,
            "name": "verify-fabric",
            "private": true,
            "ssh_clone_url": "git@github.com:alphagov/verify-fabric.git",
            "svn_url": "https://github.com/alphagov/verify-fabric",
            "topics": [
              "verify"
            ]
          }
        }
      ]
    },
    {
      "module": "module.repo_verify_packages",
      "mode": "managed",
      "type": "github_repository",
      "name": "repo",
      "provider": "provider.github",
      "instances": [
        {
          "schema_version": 0,
          "attributes": {
            "allow_merge_commit": true,
            "allow_rebase_merge": false,
            "allow_squash_merge": false,
            "archived": false,
            "auto_init": true,
            "default_branch": "master",
            "description": "Builds custom ubuntu packages used for Verify systems",
            "etag": "W/\"ccebb0e76b64c72fa2a3ad38c5433e3a\"",
            "full_name": "alphagov/verify-packages",
            "git_clone_url": "git://github.com/alphagov/verify-packages.git",
            "gitignore_template": null,
            "has_downloads": false,
            "has_issues": true,
            "has_projects": null,
            "has_wiki": true,
            "homepage_url": "",
            "html_url": "https://github.com/alphagov/verify-packages",
            "http_clone_url": "https://github.com/alphagov/verify-packages.git",
            "id": "verify-packages",
            "license_template": null,
            "name": "verify-packages",
            "private": true,
            "ssh_clone_url": "git@github.com:alphagov/verify-packages.git",
            "svn_url": "https://github.com/alphagov/verify-packages",
            "topics": [
              "verify"
            ]
          }
        }
      ]
    },
    {
      "module": "module.repo_verify_terraform",
      "mode": "managed",
      "type": "github_repository",
      "name": "repo",
      "provider": "provider.github",
      "instances": [
        {
          "schema_version": 0,
          "attributes": {
            "allow_merge_commit": true,
            "allow_rebase_merge": false,
            "allow_squash_merge": false,
            "archived": false,
            "auto_init": true,
            "default_branch": "master",
            "description": "Terraform code for GOV.UK Verify infrastructure",
            "etag": "W/\"918a7137f7fe5efbaf06cce92cdde95a\"",
            "full_name": "alphagov/verify-terraform",
            "git_clone_url": "git://github.com/alphagov/verify-terraform.git",
            "gitignore_template": null,
            "has_downloads": false,
            "has_issues": true,
            "has_projects": null,
            "has_wiki": true,
            "homepage_url": "",
            "html_url": "https://github.com/alphagov/verify-terraform",
            "http_clone_url": "https://github.com/alphagov/verify-terraform.git",
            "id": "verify-terraform",
            "license_template": null,
            "name": "verify-terraform",
            "private": true,
            "ssh_clone_url": "git@github.com:alphagov/verify-terraform.git",
            "svn_url": "https://github.com/alphagov/verify-terraform",
            "topics": [
              "verify"
            ]
          }
        }
      ]
    },
    {
      "module": "module.repo_passport_verify_stub_relying_party",
      "mode": "managed",
      "type": "github_repository",
      "name": "repo",
      "provider": "provider.github",
      "instances": [
        {
          "schema_version": 0,
          "attributes": {
            "allow_merge_commit": true,
            "allow_rebase_merge": false,
            "allow_squash_merge": false,
            "archived": false,
            "auto_init": true,
            "default_branch": "master",
            "description": "Stub Relying party that integrates with Verify using the passport-verify library",
            "etag": "W/\"019f9a1ce60864e9be776b232cadcdd2\"",
            "full_name": "alphagov/passport-verify-stub-relying-party",
            "git_clone_url": "git://github.com/alphagov/passport-verify-stub-relying-party.git",
            "gitignore_template": null,
            "has_downloads": false,
            "has_issues": true,
            "has_projects": null,
            "has_wiki": true,
            "homepage_url": "",
            "html_url": "https://github.com/alphagov/passport-verify-stub-relying-party",
            "http_clone_url": "https://github.com/alphagov/passport-verify-stub-relying-party.git",
            "id": "passport-verify-stub-relying-party",
            "license_template": null,
            "name": "passport-verify-stub-relying-party",
            "private": false,
            "ssh_clone_url": "git@github.com:alphagov/passport-verify-stub-relying-party.git",
            "svn_url": "https://github.com/alphagov/passport-verify-stub-relying-party",
            "topics": [
              "verify"
            ]
          }
        }
      ]
    },
    {
      "module": "module.repo_ida_compliance_tool",
      "mode": "managed",
      "type": "github_repository",
      "name": "repo",
      "provider": "provider.github",
      "instances": [
        {
          "schema_version": 0,
          "attributes": {
            "allow_merge_commit": true,
            "allow_rebase_merge": false,
            "allow_squash_merge": false,
            "archived": false,
            "auto_init": true,
            "default_branch": "master",
            "description": "Verify Compliance Tool (temporary)",
            "etag": "W/\"8819aa81695ee8982bf59c333c667c67\"",
            "full_name": "alphagov/ida-compliance-tool",
            "git_clone_url": "git://github.com/alphagov/ida-compliance-tool.git",
            "gitignore_template": null,
            "has_downloads": false,
            "has_issues": true,
            "has_projects": null,
            "has_wiki": true,
            "homepage_url": "",
            "html_url": "https://github.com/alphagov/ida-compliance-tool",
            "http_clone_url": "https://github.com/alphagov/ida-compliance-tool.git",
            "id": "ida-compliance-tool",
            "license_template": null,
            "name": "ida-compliance-tool",
            "private": true,
            "ssh_clone_url": "git@github.com:alphagov/ida-compliance-tool.git",
            "svn_url": "https://github.com/alphagov/ida-compliance-tool",
            "topics": [
              "verify"
            ]
          }
        }
      ]
    },
    {
      "module": "module.repo_verify_architecture",
      "mode": "managed",
      "type": "github_repository",
      "name": "repo",
      "provider": "provider.github",
      "instances": [
        {
          "schema_version": 0,
          "attributes": {
            "allow_merge_commit": true,
            "allow_rebase_merge": false,
            "allow_squash_merge": false,
            "archived": false,
            "auto_init": true,
            "default_branch": "master",
            "description": "Contains architectural documentation",
            "etag": "W/\"302e67fca18893becfe909a3d70c331b\"",
            "full_name": "alphagov/verify-architecture",
            "git_clone_url": "git://github.com/alphagov/verify-architecture.git",
            "gitignore_template": null,
            "has_downloads": false,
            "has_issues": true,
            "has_projects": null,
            "has_wiki": true,
            "homepage_url": "",
            "html_url": "https://github.com/alphagov/verify-architecture",
            "http_clone_url": "https://github.com/alphagov/verify-architecture.git",
            "id": "verify-architecture",
            "license_template": null,
            "name": "verify-architecture",
            "private": true,
            "ssh_clone_url": "git@github.com:alphagov/verify-architecture.git",
            "svn_url": "https://github.com/alphagov/verify-architecture",
            "topics": [
              "verify"
            ]
          }
        }
      ]
    },
    {
      "module": "module.repo_verify_ansible",
      "mode": "managed",
      "type": "github_repository",
      "name": "repo",
      "provider": "provider.github",
      "instances": [
        {
          "schema_version": 0,
          "attributes": {
            "allow_merge_commit": true,
            "allow_rebase_merge": false,
            "allow_squash_merge": false,
            "archived": false,
            "auto_init": true,
            "default_branch": "master",
            "description": " Ansible for Verify ops ",
            "etag": "W/\"0791bd6a605c7aca97af0095c103b6c1\"",
            "full_name": "alphagov/verify-ansible",
            "git_clone_url": "git://github.com/alphagov/verify-ansible.git",
            "gitignore_template": null,
            "has_downloads": false,
            "has_issues": true,
            "has_projects": null,
            "has_wiki": true,
            "homepage_url": "",
            "html_url": "https://github.com/alphagov/verify-ansible",
            "http_clone_url": "https://github.com/alphagov/verify-ansible.git",
            "id": "verify-ansible",
            "license_template": null,
            "name": "verify-ansible",
            "private": true,
            "ssh_clone_url": "git@github.com:alphagov/verify-ansible.git",
            "svn_url": "https://github.com/alphagov/verify-ansible",
            "topics": [
              "verify"
            ]
          }
        }
      ]
    },
    {
      "module": "module.repo_verify_eidas_mw_config_generator",
      "mode": "managed",
      "type": "github_repository",
      "name": "repo",
      "provider": "provider.github",
      "instances": [
        {
          "schema_version": 0,
          "attributes": {
            "allow_merge_commit": true,
            "allow_rebase_merge": false,
            "allow_squash_merge": false,
            "archived": false,
            "auto_init": true,
            "default_branch": "master",
            "description": "eIDAS Middleware Configuration Generator",
            "etag": "W/\"601dc829758391f361c64b2f7eda40fc\"",
            "full_name": "alphagov/verify-eidas-mw-config-generator",
            "git_clone_url": "git://github.com/alphagov/verify-eidas-mw-config-generator.git",
            "gitignore_template": null,
            "has_downloads": false,
            "has_issues": true,
            "has_projects": null,
            "has_wiki": true,
            "homepage_url": "",
            "html_url": "https://github.com/alphagov/verify-eidas-mw-config-generator",
            "http_clone_url": "https://github.com/alphagov/verify-eidas-mw-config-generator.git",
            "id": "verify-eidas-mw-config-generator",
            "license_template": null,
            "name": "verify-eidas-mw-config-generator",
            "private": false,
            "ssh_clone_url": "git@github.com:alphagov/verify-eidas-mw-config-generator.git",
            "svn_url": "https://github.com/alphagov/verify-eidas-mw-config-generator",
            "topics": []
          }
        }
      ]
    },
    {
      "module": "module.repo_verify_event_system_database_scripts",
      "mode": "managed",
      "type": "github_repository",
      "name": "repo",
      "provider": "provider.github",
      "instances": [
        {
          "schema_version": 0,
          "attributes": {
            "allow_merge_commit": true,
            "allow_rebase_merge": false,
            "allow_squash_merge": false,
            "archived": false,
            "auto_init": null,
            "default_branch": "master",
            "description": "SQL scripts and schemas for the Event System database",
            "etag": "W/\"f80cfc5be5fc08eb68e98690c3ac07a8\"",
            "full_name": "alphagov/verify-event-system-database-scripts",
            "git_clone_url": "git://github.com/alphagov/verify-event-system-database-scripts.git",
            "gitignore_template": null,
            "has_downloads": false,
            "has_issues": true,
            "has_projects": null,
            "has_wiki": true,
            "homepage_url": "",
            "html_url": "https://github.com/alphagov/verify-event-system-database-scripts",
            "http_clone_url": "https://github.com/alphagov/verify-event-system-database-scripts.git",
            "id": "verify-event-system-database-scripts",
            "license_template": null,
            "name": "verify-event-system-database-scripts",
            "private": false,
            "ssh_clone_url": "git@github.com:alphagov/verify-event-system-database-scripts.git",
            "svn_url": "https://github.com/alphagov/verify-event-system-database-scripts",
            "topics": []
          }
        }
      ]
    },
    {
      "module": "module.repo_verify_saml_libs",
      "mode": "managed",
      "type": "github_repository",
      "name": "repo",
      "provider": "provider.github",
      "instances": [
        {
          "schema_version": 0,
          "attributes": {
            "allow_merge_commit": true,
            "allow_rebase_merge": false,
            "allow_squash_merge": false,
            "archived": false,
            "auto_init": true,
            "default_branch": "master",
            "description": "Verify SAML Libraries 📚",
            "etag": "W/\"29aee0a8c9c45dcb1361b86b0b1de724\"",
            "full_name": "alphagov/verify-saml-libs",
            "git_clone_url": "git://github.com/alphagov/verify-saml-libs.git",
            "gitignore_template": null,
            "has_downloads": false,
            "has_issues": true,
            "has_projects": null,
            "has_wiki": true,
            "homepage_url": "",
            "html_url": "https://github.com/alphagov/verify-saml-libs",
            "http_clone_url": "https://github.com/alphagov/verify-saml-libs.git",
            "id": "verify-saml-libs",
            "license_template": null,
            "name": "verify-saml-libs",
            "private": false,
            "ssh_clone_url": "git@github.com:alphagov/verify-saml-libs.git",
            "svn_url": "https://github.com/alphagov/verify-saml-libs",
            "topics": [
              "saml",
              "verify"
            ]
          }
        }
      ]
    },
    {
      "module": "module.repo_verify_event_system_alarm_notifier",
      "mode": "managed",
      "type": "github_repository",
      "name": "repo",
      "provider": "provider.github",
      "instances": [
        {
          "schema_version": 0,
          "attributes": {
            "allow_merge_commit": true,
            "allow_rebase_merge": false,
            "allow_squash_merge": false,
            "archived": false,
            "auto_init": true,
            "default_branch": "master",
            "description": "Lambda functions for monitoring alarm notifications",
            "etag": "W/\"5da25319d562d3a09549c6252373dbf9\"",
            "full_name": "alphagov/verify-event-system-alarm-notifier",
            "git_clone_url": "git://github.com/alphagov/verify-event-system-alarm-notifier.git",
            "gitignore_template": null,
            "has_downloads": false,
            "has_issues": true,
            "has_projects": null,
            "has_wiki": true,
            "homepage_url": "",
            "html_url": "https://github.com/alphagov/verify-event-system-alarm-notifier",
            "http_clone_url": "https://github.com/alphagov/verify-event-system-alarm-notifier.git",
            "id": "verify-event-system-alarm-notifier",
            "license_template": null,
            "name": "verify-event-system-alarm-notifier",
            "private": false,
            "ssh_clone_url": "git@github.com:alphagov/verify-event-system-alarm-notifier.git",
            "svn_url": "https://github.com/alphagov/verify-event-system-alarm-notifier",
            "topics": []
          }
        }
      ]
    },
    {
      "module": "module.repo_splunk_library_javalogging",
      "mode": "managed",
      "type": "github_repository",
      "name": "repo",
      "provider": "provider.github",
      "instances": [
        {
          "schema_version": 0,
          "attributes": {
            "allow_merge_commit": true,
            "allow_rebase_merge": false,
            "allow_squash_merge": false,
            "archived": false,
            "auto_init": false,
            "default_branch": "master",
            "description": "",
            "etag": "W/\"74056b5ef2341876b74d31843fdf0b4f\"",
            "full_name": "alphagov/splunk-library-javalogging",
            "git_clone_url": "git://github.com/alphagov/splunk-library-javalogging.git",
            "gitignore_template": null,
            "has_downloads": false,
            "has_issues": true,
            "has_projects": null,
            "has_wiki": true,
            "homepage_url": "",
            "html_url": "https://github.com/alphagov/splunk-library-javalogging",
            "http_clone_url": "https://github.com/alphagov/splunk-library-javalogging.git",
            "id": "splunk-library-javalogging",
            "license_template": null,
            "name": "splunk-library-javalogging",
            "private": false,
            "ssh_clone_url": "git@github.com:alphagov/splunk-library-javalogging.git",
            "svn_url": "https://github.com/alphagov/splunk-library-javalogging",
            "topics": []
          }
        }
      ]
    },
    {
      "module": "module.repo_verify_jenkins_job_builder",
      "mode": "managed",
      "type": "github_repository",
      "name": "repo",
      "provider": "provider.github",
      "instances": [
        {
          "schema_version": 0,
          "attributes": {
            "allow_merge_commit": true,
            "allow_rebase_merge": false,
            "allow_squash_merge": false,
            "archived": false,
            "auto_init": true,
            "default_branch": "master",
            "description": "Verify Jenkins Job Builder configuration",
            "etag": "W/\"0ee71752f8ef952df2632c89a655a19d\"",
            "full_name": "alphagov/verify-jenkins-job-builder",
            "git_clone_url": "git://github.com/alphagov/verify-jenkins-job-builder.git",
            "gitignore_template": null,
            "has_downloads": false,
            "has_issues": true,
            "has_projects": null,
            "has_wiki": true,
            "homepage_url": "",
            "html_url": "https://github.com/alphagov/verify-jenkins-job-builder",
            "http_clone_url": "https://github.com/alphagov/verify-jenkins-job-builder.git",
            "id": "verify-jenkins-job-builder",
            "license_template": null,
            "name": "verify-jenkins-job-builder",
            "private": true,
            "ssh_clone_url": "git@github.com:alphagov/verify-jenkins-job-builder.git",
            "svn_url": "https://github.com/alphagov/verify-jenkins-job-builder",
            "topics": [
              "verify"
            ]
          }
        }
      ]
    },
    {
      "module": "module.repo_verify_self_service_infrastructure",
      "mode": "managed",
      "type": "github_repository",
      "name": "repo",
      "provider": "provider.github",
      "instances": [
        {
          "schema_version": 0,
          "attributes": {
            "allow_merge_commit": true,
            "allow_rebase_merge": false,
            "allow_squash_merge": false,
            "archived": false,
            "auto_init": true,
            "default_branch": "master",
            "description": "Infrastructure and terraform files for Verify Self Service",
            "etag": "W/\"2620edc3970f9ee9826280eebf198154\"",
            "full_name": "alphagov/verify-self-service-infrastructure",
            "git_clone_url": "git://github.com/alphagov/verify-self-service-infrastructure.git",
            "gitignore_template": null,
            "has_downloads": false,
            "has_issues": true,
            "has_projects": null,
            "has_wiki": true,
            "homepage_url": "",
            "html_url": "https://github.com/alphagov/verify-self-service-infrastructure",
            "http_clone_url": "https://github.com/alphagov/verify-self-service-infrastructure.git",
            "id": "verify-self-service-infrastructure",
            "license_template": null,
            "name": "verify-self-service-infrastructure",
            "private": true,
            "ssh_clone_url": "git@github.com:alphagov/verify-self-service-infrastructure.git",
            "svn_url": "https://github.com/alphagov/verify-self-service-infrastructure",
            "topics": []
          }
        }
      ]
    },
    {
      "module": "module.repo_verify_performance",
      "mode": "managed",
      "type": "github_repository",
      "name": "repo",
      "provider": "provider.github",
      "instances": [
        {
          "schema_version": 0,
          "attributes": {
            "allow_merge_commit": true,
            "allow_rebase_merge": false,
            "allow_squash_merge": false,
            "archived": false,
            "auto_init": true,
            "default_branch": "master",
            "description": "Repo for the Verify performance and data team",
            "etag": "W/\"1af322ca10454acf197df4a07f2a8e3e\"",
            "full_name": "alphagov/verify-performance",
            "git_clone_url": "git://github.com/alphagov/verify-performance.git",
            "gitignore_template": null,
            "has_downloads": false,
            "has_issues": true,
            "has_projects": null,
            "has_wiki": true,
            "homepage_url": "",
            "html_url": "https://github.com/alphagov/verify-performance",
            "http_clone_url": "https://github.com/alphagov/verify-performance.git",
            "id": "verify-performance",
            "license_template": null,
            "name": "verify-performance",
            "private": true,
            "ssh_clone_url": "git@github.com:alphagov/verify-performance.git",
            "svn_url": "https://github.com/alphagov/verify-performance",
            "topics": [
              "verify"
            ]
          }
        }
      ]
    },
    {
      "module": "module.repo_dcs_client_acceptance_tests",
      "mode": "managed",
      "type": "github_repository",
      "name": "repo",
      "provider": "provider.github",
      "instances": [
        {
          "schema_version": 0,
          "attributes": {
            "allow_merge_commit": true,
            "allow_rebase_merge": false,
            "allow_squash_merge": false,
            "archived": false,
            "auto_init": true,
            "default_branch": "master",
            "description": "Acceptance tests for the DCS client - https://github.com/alphagov/dcs-client",
            "etag": "W/\"1a68be713a25431f6d391f15814aa074\"",
            "full_name": "alphagov/dcs-client-acceptance-tests",
            "git_clone_url": "git://github.com/alphagov/dcs-client-acceptance-tests.git",
            "gitignore_template": null,
            "has_downloads": false,
            "has_issues": true,
            "has_projects": null,
            "has_wiki": true,
            "homepage_url": "",
            "html_url": "https://github.com/alphagov/dcs-client-acceptance-tests",
            "http_clone_url": "https://github.com/alphagov/dcs-client-acceptance-tests.git",
            "id": "dcs-client-acceptance-tests",
            "license_template": null,
            "name": "dcs-client-acceptance-tests",
            "private": true,
            "ssh_clone_url": "git@github.com:alphagov/dcs-client-acceptance-tests.git",
            "svn_url": "https://github.com/alphagov/dcs-client-acceptance-tests",
            "topics": [
              "verify"
            ]
          }
        }
      ]
    },
    {
      "module": "module.repo_verify_performance_scripts",
      "mode": "managed",
      "type": "github_repository",
      "name": "repo",
      "provider": "provider.github",
      "instances": [
        {
          "schema_version": 0,
          "attributes": {
            "allow_merge_commit": true,
            "allow_rebase_merge": false,
            "allow_squash_merge": false,
            "archived": false,
            "auto_init": true,
            "default_branch": "master",
            "description": "Scripts related to verify performance",
            "etag": "W/\"67517cb3f80119d6cc5f775c01b40ec6\"",
            "full_name": "alphagov/verify-performance-scripts",
            "git_clone_url": "git://github.com/alphagov/verify-performance-scripts.git",
            "gitignore_template": null,
            "has_downloads": false,
            "has_issues": true,
            "has_projects": null,
            "has_wiki": true,
            "homepage_url": "",
            "html_url": "https://github.com/alphagov/verify-performance-scripts",
            "http_clone_url": "https://github.com/alphagov/verify-performance-scripts.git",
            "id": "verify-performance-scripts",
            "license_template": null,
            "name": "verify-performance-scripts",
            "private": false,
            "ssh_clone_url": "git@github.com:alphagov/verify-performance-scripts.git",
            "svn_url": "https://github.com/alphagov/verify-performance-scripts",
            "topics": []
          }
        }
      ]
    },
    {
      "module": "module.repo_verify_frontend_federation_config",
      "mode": "managed",
      "type": "github_repository",
      "name": "repo",
      "provider": "provider.github",
      "instances": [
        {
          "schema_version": 0,
          "attributes": {
            "allow_merge_commit": true,
            "allow_rebase_merge": false,
            "allow_squash_merge": false,
            "archived": false,
            "auto_init": true,
            "default_branch": "master",
            "description": "Federation configuration for the Verify frontend",
            "etag": "W/\"14b2c704b0e99ed73338014e9ccfa3ac\"",
            "full_name": "alphagov/verify-frontend-federation-config",
            "git_clone_url": "git://github.com/alphagov/verify-frontend-federation-config.git",
            "gitignore_template": null,
            "has_downloads": false,
            "has_issues": true,
            "has_projects": null,
            "has_wiki": true,
            "homepage_url": "",
            "html_url": "https://github.com/alphagov/verify-frontend-federation-config",
            "http_clone_url": "https://github.com/alphagov/verify-frontend-federation-config.git",
            "id": "verify-frontend-federation-config",
            "license_template": null,
            "name": "verify-frontend-federation-config",
            "private": true,
            "ssh_clone_url": "git@github.com:alphagov/verify-frontend-federation-config.git",
            "svn_url": "https://github.com/alphagov/verify-frontend-federation-config",
            "topics": [
              "verify"
            ]
          }
        }
      ]
    },
    {
      "module": "module.repo_verify_release_logs",
      "mode": "managed",
      "type": "github_repository",
      "name": "repo",
      "provider": "provider.github",
      "instances": [
        {
          "schema_version": 0,
          "attributes": {
            "allow_merge_commit": true,
            "allow_rebase_merge": false,
            "allow_squash_merge": false,
            "archived": false,
            "auto_init": null,
            "default_branch": "master",
            "description": "Logs of releases generated from the verify-release-automation tool",
            "etag": "W/\"49fe7509ad0d63005d051cbf7bef57c2\"",
            "full_name": "alphagov/verify-release-logs",
            "git_clone_url": "git://github.com/alphagov/verify-release-logs.git",
            "gitignore_template": null,
            "has_downloads": false,
            "has_issues": true,
            "has_projects": null,
            "has_wiki": true,
            "homepage_url": "",
            "html_url": "https://github.com/alphagov/verify-release-logs",
            "http_clone_url": "https://github.com/alphagov/verify-release-logs.git",
            "id": "verify-release-logs",
            "license_template": null,
            "name": "verify-release-logs",
            "private": true,
            "ssh_clone_url": "git@github.com:alphagov/verify-release-logs.git",
            "svn_url": "https://github.com/alphagov/verify-release-logs",
            "topics": [
              "verify"
            ]
          }
        }
      ]
    },
    {
      "module": "module.repo_verify_il3_laptop_bootstrap",
      "mode": "managed",
      "type": "github_repository",
      "name": "repo",
      "provider": "provider.github",
      "instances": [
        {
          "schema_version": 0,
          "attributes": {
            "allow_merge_commit": true,
            "allow_rebase_merge": false,
            "allow_squash_merge": false,
            "archived": false,
            "auto_init": true,
            "default_branch": "master",
            "description": "A simple set of shell scripts to set up a secure build laptop for Verify",
            "etag": "W/\"af49a8543f807f4692174689c91901a3\"",
            "full_name": "alphagov/verify-il3-laptop-bootstrap",
            "git_clone_url": "git://github.com/alphagov/verify-il3-laptop-bootstrap.git",
            "gitignore_template": null,
            "has_downloads": false,
            "has_issues": true,
            "has_projects": null,
            "has_wiki": true,
            "homepage_url": "",
            "html_url": "https://github.com/alphagov/verify-il3-laptop-bootstrap",
            "http_clone_url": "https://github.com/alphagov/verify-il3-laptop-bootstrap.git",
            "id": "verify-il3-laptop-bootstrap",
            "license_template": null,
            "name": "verify-il3-laptop-bootstrap",
            "private": true,
            "ssh_clone_url": "git@github.com:alphagov/verify-il3-laptop-bootstrap.git",
            "svn_url": "https://github.com/alphagov/verify-il3-laptop-bootstrap",
            "topics": [
              "verify"
            ]
          }
        }
      ]
    },
    {
      "module": "module.repo_verify_event_emitter_loader",
      "mode": "managed",
      "type": "github_repository",
      "name": "repo",
      "provider": "provider.github",
      "instances": [
        {
          "schema_version": 0,
          "attributes": {
            "allow_merge_commit": true,
            "allow_rebase_merge": false,
            "allow_squash_merge": false,
            "archived": false,
            "auto_init": null,
            "default_branch": "master",
            "description": "Create encrypted events in a given queue",
            "etag": "W/\"cb49d4fbdeaa35ea5bb93125f3fb9485\"",
            "full_name": "alphagov/verify-event-emitter-loader",
            "git_clone_url": "git://github.com/alphagov/verify-event-emitter-loader.git",
            "gitignore_template": null,
            "has_downloads": false,
            "has_issues": true,
            "has_projects": null,
            "has_wiki": true,
            "homepage_url": "",
            "html_url": "https://github.com/alphagov/verify-event-emitter-loader",
            "http_clone_url": "https://github.com/alphagov/verify-event-emitter-loader.git",
            "id": "verify-event-emitter-loader",
            "license_template": null,
            "name": "verify-event-emitter-loader",
            "private": false,
            "ssh_clone_url": "git@github.com:alphagov/verify-event-emitter-loader.git",
            "svn_url": "https://github.com/alphagov/verify-event-emitter-loader",
            "topics": []
          }
        }
      ]
    },
    {
      "module": "module.repo_verify_team_manual",
      "mode": "managed",
      "type": "github_repository",
      "name": "repo",
      "provider": "provider.github",
      "instances": [
        {
          "schema_version": 0,
          "attributes": {
            "allow_merge_commit": true,
            "allow_rebase_merge": false,
            "allow_squash_merge": false,
            "archived": false,
            "auto_init": true,
            "default_branch": "master",
            "description": "",
            "etag": "W/\"39636da2c82eb2c99d89838f5f0586f9\"",
            "full_name": "alphagov/verify-team-manual",
            "git_clone_url": "git://github.com/alphagov/verify-team-manual.git",
            "gitignore_template": null,
            "has_downloads": false,
            "has_issues": true,
            "has_projects": null,
            "has_wiki": true,
            "homepage_url": "",
            "html_url": "https://github.com/alphagov/verify-team-manual",
            "http_clone_url": "https://github.com/alphagov/verify-team-manual.git",
            "id": "verify-team-manual",
            "license_template": null,
            "name": "verify-team-manual",
            "private": true,
            "ssh_clone_url": "git@github.com:alphagov/verify-team-manual.git",
            "svn_url": "https://github.com/alphagov/verify-team-manual",
            "topics": [
              "verify"
            ]
          }
        }
      ]
    },
    {
      "module": "module.repo_verify_metadata",
      "mode": "managed",
      "type": "github_repository",
      "name": "repo",
      "provider": "provider.github",
      "instances": [
        {
          "schema_version": 0,
          "attributes": {
            "allow_merge_commit": true,
            "allow_rebase_merge": false,
            "allow_squash_merge": false,
            "archived": false,
            "auto_init": true,
            "default_branch": "master",
            "description": "Verify SAML metadata sources",
            "etag": "W/\"1d5bea88b911ddf9ef455e620b0f1f06\"",
            "full_name": "alphagov/verify-metadata",
            "git_clone_url": "git://github.com/alphagov/verify-metadata.git",
            "gitignore_template": null,
            "has_downloads": false,
            "has_issues": true,
            "has_projects": null,
            "has_wiki": true,
            "homepage_url": "",
            "html_url": "https://github.com/alphagov/verify-metadata",
            "http_clone_url": "https://github.com/alphagov/verify-metadata.git",
            "id": "verify-metadata",
            "license_template": null,
            "name": "verify-metadata",
            "private": true,
            "ssh_clone_url": "git@github.com:alphagov/verify-metadata.git",
            "svn_url": "https://github.com/alphagov/verify-metadata",
            "topics": [
              "verify"
            ]
          }
        }
      ]
    },
    {
      "module": "module.repo_verify_hub",
      "mode": "managed",
      "type": "github_repository",
      "name": "repo",
      "provider": "provider.github",
      "instances": [
        {
          "schema_version": 0,
          "attributes": {
            "allow_merge_commit": true,
            "allow_rebase_merge": false,
            "allow_squash_merge": false,
            "archived": false,
            "auto_init": true,
            "default_branch": "master",
            "description": "Verify Hub Microservices",
            "etag": "W/\"584943fa616c76da71485f95308ac320\"",
            "full_name": "alphagov/verify-hub",
            "git_clone_url": "git://github.com/alphagov/verify-hub.git",
            "gitignore_template": null,
            "has_downloads": false,
            "has_issues": true,
            "has_projects": null,
            "has_wiki": true,
            "homepage_url": "",
            "html_url": "https://github.com/alphagov/verify-hub",
            "http_clone_url": "https://github.com/alphagov/verify-hub.git",
            "id": "verify-hub",
            "license_template": null,
            "name": "verify-hub",
            "private": false,
            "ssh_clone_url": "git@github.com:alphagov/verify-hub.git",
            "svn_url": "https://github.com/alphagov/verify-hub",
            "topics": [
              "verify"
            ]
          }
        }
      ]
    },
    {
      "module": "module.repo_verify_acceptance_tests",
      "mode": "managed",
      "type": "github_repository",
      "name": "repo",
      "provider": "provider.github",
      "instances": [
        {
          "schema_version": 0,
          "attributes": {
            "allow_merge_commit": true,
            "allow_rebase_merge": false,
            "allow_squash_merge": false,
            "archived": false,
            "auto_init": true,
            "default_branch": "master",
            "description": "End-to-end tests for the Verify Hub",
            "etag": "W/\"1d28ef1fac83f8bbbe810bd0193b8879\"",
            "full_name": "alphagov/verify-acceptance-tests",
            "git_clone_url": "git://github.com/alphagov/verify-acceptance-tests.git",
            "gitignore_template": null,
            "has_downloads": false,
            "has_issues": true,
            "has_projects": null,
            "has_wiki": true,
            "homepage_url": "",
            "html_url": "https://github.com/alphagov/verify-acceptance-tests",
            "http_clone_url": "https://github.com/alphagov/verify-acceptance-tests.git",
            "id": "verify-acceptance-tests",
            "license_template": null,
            "name": "verify-acceptance-tests",
            "private": false,
            "ssh_clone_url": "git@github.com:alphagov/verify-acceptance-tests.git",
            "svn_url": "https://github.com/alphagov/verify-acceptance-tests",
            "topics": [
              "verify"
            ]
          }
        }
      ]
    },
    {
      "module": "module.repo_verify_rp_environment_config_form",
      "mode": "managed",
      "type": "github_repository",
      "name": "repo",
      "provider": "provider.github",
      "instances": [
        {
          "schema_version": 0,
          "attributes": {
            "allow_merge_commit": true,
            "allow_rebase_merge": false,
            "allow_squash_merge": false,
            "archived": false,
            "auto_init": true,
            "default_branch": "master",
            "description": " :page_with_curl: The form for relying parties to provide Verify with environment configuration",
            "etag": "W/\"68235ab980a768eb073a49ace165eecc\"",
            "full_name": "alphagov/verify-rp-environment-config-form",
            "git_clone_url": "git://github.com/alphagov/verify-rp-environment-config-form.git",
            "gitignore_template": null,
            "has_downloads": false,
            "has_issues": true,
            "has_projects": null,
            "has_wiki": true,
            "homepage_url": "",
            "html_url": "https://github.com/alphagov/verify-rp-environment-config-form",
            "http_clone_url": "https://github.com/alphagov/verify-rp-environment-config-form.git",
            "id": "verify-rp-environment-config-form",
            "license_template": null,
            "name": "verify-rp-environment-config-form",
            "private": false,
            "ssh_clone_url": "git@github.com:alphagov/verify-rp-environment-config-form.git",
            "svn_url": "https://github.com/alphagov/verify-rp-environment-config-form",
            "topics": [
              "verify"
            ]
          }
        }
      ]
    },
    {
      "module": "module.repo_verify_event_infrastructure",
      "mode": "managed",
      "type": "github_repository",
      "name": "repo",
      "provider": "provider.github",
      "instances": [
        {
          "schema_version": 0,
          "attributes": {
            "allow_merge_commit": true,
            "allow_rebase_merge": false,
            "allow_squash_merge": false,
            "archived": false,
            "auto_init": true,
            "default_branch": "master",
            "description": "Infrastructure used to process Audit \u0026 Billing events for Verify",
            "etag": "W/\"c5a4af17cb75120951f22da87386041f\"",
            "full_name": "alphagov/verify-event-infrastructure",
            "git_clone_url": "git://github.com/alphagov/verify-event-infrastructure.git",
            "gitignore_template": null,
            "has_downloads": false,
            "has_issues": true,
            "has_projects": null,
            "has_wiki": true,
            "homepage_url": "",
            "html_url": "https://github.com/alphagov/verify-event-infrastructure",
            "http_clone_url": "https://github.com/alphagov/verify-event-infrastructure.git",
            "id": "verify-event-infrastructure",
            "license_template": null,
            "name": "verify-event-infrastructure",
            "private": true,
            "ssh_clone_url": "git@github.com:alphagov/verify-event-infrastructure.git",
            "svn_url": "https://github.com/alphagov/verify-event-infrastructure",
            "topics": [
              "infrastructure",
              "lambda",
              "rds",
              "sqs",
              "terraform",
              "verify"
            ]
          }
        }
      ]
    },
    {
      "module": "module.repo_verify_release_automation",
      "mode": "managed",
      "type": "github_repository_collaborator",
      "name": "repo_collaborator_pull",
      "each": "list",
      "provider": "provider.github",
      "instances": []
    },
    {
      "module": "module.repo_verify_frontend",
      "mode": "managed",
      "type": "github_repository_collaborator",
      "name": "repo_collaborator_pull",
      "each": "list",
      "provider": "provider.github",
      "instances": []
    },
    {
      "module": "module.repo_verify_infrastructure",
      "mode": "managed",
      "type": "github_repository_collaborator",
      "name": "repo_collaborator_pull",
      "each": "list",
      "provider": "provider.github",
      "instances": []
    },
    {
      "module": "module.repo_verify_service_provider",
      "mode": "managed",
      "type": "github_repository_collaborator",
      "name": "repo_collaborator_pull",
      "each": "list",
      "provider": "provider.github",
      "instances": []
    },
    {
      "module": "module.repo_verify_event_recorder_service",
      "mode": "managed",
      "type": "github_repository_collaborator",
      "name": "repo_collaborator_pull",
      "each": "list",
      "provider": "provider.github",
      "instances": []
    },
    {
      "module": "module.repo_verify_proxy_node",
      "mode": "managed",
      "type": "github_repository_collaborator",
      "name": "repo_collaborator_pull",
      "each": "list",
      "provider": "provider.github",
      "instances": []
    },
    {
      "module": "module.repo_ida_hub_support",
      "mode": "managed",
      "type": "github_repository_collaborator",
      "name": "repo_collaborator_pull",
      "each": "list",
      "provider": "provider.github",
      "instances": []
    },
    {
      "module": "module.repo_verify_token_service",
      "mode": "managed",
      "type": "github_repository_collaborator",
      "name": "repo_collaborator_pull",
      "each": "list",
      "provider": "provider.github",
      "instances": []
    },
    {
      "module": "module.repo_verify_hub_federation_config",
      "mode": "managed",
      "type": "github_repository_collaborator",
      "name": "repo_collaborator_pull",
      "each": "list",
      "provider": "provider.github",
      "instances": []
    },
    {
      "module": "module.repo_verify_test_repo",
      "mode": "managed",
      "type": "github_repository_collaborator",
      "name": "repo_collaborator_pull",
      "each": "list",
      "provider": "provider.github",
      "instances": []
    },
    {
      "module": "module.repo_verify_idp_predictor",
      "mode": "managed",
      "type": "github_repository_collaborator",
      "name": "repo_collaborator_pull",
      "each": "list",
      "provider": "provider.github",
      "instances": []
    },
    {
      "module": "module.repo_verify_stub_idp_federation_config",
      "mode": "managed",
      "type": "github_repository_collaborator",
      "name": "repo_collaborator_pull",
      "each": "list",
      "provider": "provider.github",
      "instances": []
    },
    {
      "module": "module.repo_verify_build_scripts",
      "mode": "managed",
      "type": "github_repository_collaborator",
      "name": "repo_collaborator_pull",
      "each": "list",
      "provider": "provider.github",
      "instances": []
    },
    {
      "module": "module.repo_verify_support_form",
      "mode": "managed",
      "type": "github_repository_collaborator",
      "name": "repo_collaborator_pull",
      "each": "list",
      "provider": "provider.github",
      "instances": []
    },
    {
      "module": "module.repo_verify_proxy_node_infra",
      "mode": "managed",
      "type": "github_repository_collaborator",
      "name": "repo_collaborator_pull",
      "each": "list",
      "provider": "provider.github",
      "instances": []
    },
    {
      "module": "module.repo_verify_puppet",
      "mode": "managed",
      "type": "github_repository_collaborator",
      "name": "repo_collaborator_pull",
      "each": "list",
      "provider": "provider.github",
      "instances": []
    },
    {
      "module": "module.repo_verify_datascience_sandbox",
      "mode": "managed",
      "type": "github_repository_collaborator",
      "name": "repo_collaborator_pull",
      "each": "list",
      "provider": "provider.github",
      "instances": []
    },
    {
      "module": "module.repo_verify_german_eidas_middleware",
      "mode": "managed",
      "type": "github_repository_collaborator",
      "name": "repo_collaborator_pull",
      "each": "list",
      "provider": "provider.github",
      "instances": []
    },
    {
      "module": "module.repo_verify_local_matching_service_example",
      "mode": "managed",
      "type": "github_repository_collaborator",
      "name": "repo_collaborator_pull",
      "each": "list",
      "provider": "provider.github",
      "instances": []
    },
    {
      "module": "module.repo_verify_eidas_metadata_aggregator",
      "mode": "managed",
      "type": "github_repository_collaborator",
      "name": "repo_collaborator_pull",
      "each": "list",
      "provider": "provider.github",
      "instances": []
    },
    {
      "module": "module.repo_verify_blackbox_passwords",
      "mode": "managed",
      "type": "github_repository_collaborator",
      "name": "repo_collaborator_pull",
      "each": "list",
      "provider": "provider.github",
      "instances": []
    },
    {
      "module": "module.repo_verify_event_emitter",
      "mode": "managed",
      "type": "github_repository_collaborator",
      "name": "repo_collaborator_pull",
      "each": "list",
      "provider": "provider.github",
      "instances": []
    },
    {
      "module": "module.repo_verify_eidas_mw_run",
      "mode": "managed",
      "type": "github_repository_collaborator",
      "name": "repo_collaborator_pull",
      "each": "list",
      "provider": "provider.github",
      "instances": []
    },
    {
      "module": "module.repo_passport_verify",
      "mode": "managed",
      "type": "github_repository_collaborator",
      "name": "repo_collaborator_pull",
      "each": "list",
      "provider": "provider.github",
      "instances": []
    },
    {
      "module": "module.repo_verify_stub_idp",
      "mode": "managed",
      "type": "github_repository_collaborator",
      "name": "repo_collaborator_pull",
      "each": "list",
      "provider": "provider.github",
      "instances": []
    },
    {
      "module": "module.repo_verify_infrastructure_config",
      "mode": "managed",
      "type": "github_repository_collaborator",
      "name": "repo_collaborator_pull",
      "each": "list",
      "provider": "provider.github",
      "instances": []
    },
    {
      "module": "module.repo_verify_idp_pid_hasherator",
      "mode": "managed",
      "type": "github_repository_collaborator",
      "name": "repo_collaborator_pull",
      "each": "list",
      "provider": "provider.github",
      "instances": []
    },
    {
      "module": "module.repo_verify_self_service",
      "mode": "managed",
      "type": "github_repository_collaborator",
      "name": "repo_collaborator_pull",
      "each": "list",
      "provider": "provider.github",
      "instances": []
    },
    {
      "module": "module.repo_verify_data_pipeline",
      "mode": "managed",
      "type": "github_repository_collaborator",
      "name": "repo_collaborator_pull",
      "each": "list",
      "provider": "provider.github",
      "instances": []
    },
    {
      "module": "module.repo_ida_hub_acceptance_tests",
      "mode": "managed",
      "type": "github_repository_collaborator",
      "name": "repo_collaborator_pull",
      "each": "list",
      "provider": "provider.github",
      "instances": []
    },
    {
      "module": "module.repo_verify_local_startup",
      "mode": "managed",
      "type": "github_repository_collaborator",
      "name": "repo_collaborator_pull",
      "each": "list",
      "provider": "provider.github",
      "instances": []
    },
    {
      "module": "module.repo_doc_checking",
      "mode": "managed",
      "type": "github_repository_collaborator",
      "name": "repo_collaborator_pull",
      "each": "list",
      "provider": "provider.github",
      "instances": []
    },
    {
      "module": "module.repo_verify_data_pipeline_config",
      "mode": "managed",
      "type": "github_repository_collaborator",
      "name": "repo_collaborator_pull",
      "each": "list",
      "provider": "provider.github",
      "instances": []
    },
    {
      "module": "module.repo_verify_test_rp",
      "mode": "managed",
      "type": "github_repository_collaborator",
      "name": "repo_collaborator_pull",
      "each": "list",
      "provider": "provider.github",
      "instances": []
    },
    {
      "module": "module.repo_verify_eidas_trust_anchor",
      "mode": "managed",
      "type": "github_repository_collaborator",
      "name": "repo_collaborator_pull",
      "each": "list",
      "provider": "provider.github",
      "instances": []
    },
    {
      "module": "module.repo_metadata_checker",
      "mode": "managed",
      "type": "github_repository_collaborator",
      "name": "repo_collaborator_pull",
      "each": "list",
      "provider": "provider.github",
      "instances": []
    },
    {
      "module": "module.repo_verify_product_page",
      "mode": "managed",
      "type": "github_repository_collaborator",
      "name": "repo_collaborator_pull",
      "each": "list",
      "provider": "provider.github",
      "instances": []
    },
    {
      "module": "module.repo_verify_data_schemas",
      "mode": "managed",
      "type": "github_repository_collaborator",
      "name": "repo_collaborator_pull",
      "each": "list",
      "provider": "provider.github",
      "instances": []
    },
    {
      "module": "module.repo_verify_boxes",
      "mode": "managed",
      "type": "github_repository_collaborator",
      "name": "repo_collaborator_pull",
      "each": "list",
      "provider": "provider.github",
      "instances": []
    },
    {
      "module": "module.repo_verify_utils_libs",
      "mode": "managed",
      "type": "github_repository_collaborator",
      "name": "repo_collaborator_pull",
      "each": "list",
      "provider": "provider.github",
      "instances": []
    },
    {
      "module": "module.repo_dcs_performance_tests",
      "mode": "managed",
      "type": "github_repository_collaborator",
      "name": "repo_collaborator_pull",
      "each": "list",
      "provider": "provider.github",
      "instances": []
    },
    {
      "module": "module.repo_dcs_client",
      "mode": "managed",
      "type": "github_repository_collaborator",
      "name": "repo_collaborator_pull",
      "each": "list",
      "provider": "provider.github",
      "instances": []
    },
    {
      "module": "module.repo_ida_performance_tests",
      "mode": "managed",
      "type": "github_repository_collaborator",
      "name": "repo_collaborator_pull",
      "each": "list",
      "provider": "provider.github",
      "instances": []
    },
    {
      "module": "module.repo_verify_dashing",
      "mode": "managed",
      "type": "github_repository_collaborator",
      "name": "repo_collaborator_pull",
      "each": "list",
      "provider": "provider.github",
      "instances": []
    },
    {
      "module": "module.repo_verify_matching_service_adapter",
      "mode": "managed",
      "type": "github_repository_collaborator",
      "name": "repo_collaborator_pull",
      "each": "list",
      "provider": "provider.github",
      "instances": []
    },
    {
      "module": "module.repo_verify_tech_team",
      "mode": "managed",
      "type": "github_repository_collaborator",
      "name": "repo_collaborator_pull",
      "each": "list",
      "provider": "provider.github",
      "instances": []
    },
    {
      "module": "module.repo_verify_matomo_utils",
      "mode": "managed",
      "type": "github_repository_collaborator",
      "name": "repo_collaborator_pull",
      "each": "list",
      "provider": "provider.github",
      "instances": []
    },
    {
      "module": "module.repo_verify_fabric",
      "mode": "managed",
      "type": "github_repository_collaborator",
      "name": "repo_collaborator_pull",
      "each": "list",
      "provider": "provider.github",
      "instances": []
    },
    {
      "module": "module.repo_verify_packages",
      "mode": "managed",
      "type": "github_repository_collaborator",
      "name": "repo_collaborator_pull",
      "each": "list",
      "provider": "provider.github",
      "instances": []
    },
    {
      "module": "module.repo_verify_terraform",
      "mode": "managed",
      "type": "github_repository_collaborator",
      "name": "repo_collaborator_pull",
      "each": "list",
      "provider": "provider.github",
      "instances": []
    },
    {
      "module": "module.repo_passport_verify_stub_relying_party",
      "mode": "managed",
      "type": "github_repository_collaborator",
      "name": "repo_collaborator_pull",
      "each": "list",
      "provider": "provider.github",
      "instances": []
    },
    {
      "module": "module.repo_ida_compliance_tool",
      "mode": "managed",
      "type": "github_repository_collaborator",
      "name": "repo_collaborator_pull",
      "each": "list",
      "provider": "provider.github",
      "instances": []
    },
    {
      "module": "module.repo_verify_architecture",
      "mode": "managed",
      "type": "github_repository_collaborator",
      "name": "repo_collaborator_pull",
      "each": "list",
      "provider": "provider.github",
      "instances": []
    },
    {
      "module": "module.repo_verify_ansible",
      "mode": "managed",
      "type": "github_repository_collaborator",
      "name": "repo_collaborator_pull",
      "each": "list",
      "provider": "provider.github",
      "instances": []
    },
    {
      "module": "module.repo_verify_eidas_mw_config_generator",
      "mode": "managed",
      "type": "github_repository_collaborator",
      "name": "repo_collaborator_pull",
      "each": "list",
      "provider": "provider.github",
      "instances": []
    },
    {
      "module": "module.repo_verify_event_system_database_scripts",
      "mode": "managed",
      "type": "github_repository_collaborator",
      "name": "repo_collaborator_pull",
      "each": "list",
      "provider": "provider.github",
      "instances": [
        {
          "index_key": 0,
          "schema_version": 0,
          "attributes": {
            "id": "verify-event-system-database-scripts:verify-cd-read-only",
            "invitation_id": null,
            "permission": "pull",
            "repository": "verify-event-system-database-scripts",
            "username": "verify-cd-read-only"
          },
          "depends_on": [
            "github_repository.repo"
          ]
        }
      ]
    },
    {
      "module": "module.repo_verify_saml_libs",
      "mode": "managed",
      "type": "github_repository_collaborator",
      "name": "repo_collaborator_pull",
      "each": "list",
      "provider": "provider.github",
      "instances": []
    },
    {
      "module": "module.repo_verify_event_system_alarm_notifier",
      "mode": "managed",
      "type": "github_repository_collaborator",
      "name": "repo_collaborator_pull",
      "each": "list",
      "provider": "provider.github",
      "instances": []
    },
    {
      "module": "module.repo_splunk_library_javalogging",
      "mode": "managed",
      "type": "github_repository_collaborator",
      "name": "repo_collaborator_pull",
      "each": "list",
      "provider": "provider.github",
      "instances": []
    },
    {
      "module": "module.repo_verify_jenkins_job_builder",
      "mode": "managed",
      "type": "github_repository_collaborator",
      "name": "repo_collaborator_pull",
      "each": "list",
      "provider": "provider.github",
      "instances": []
    },
    {
      "module": "module.repo_verify_self_service_infrastructure",
      "mode": "managed",
      "type": "github_repository_collaborator",
      "name": "repo_collaborator_pull",
      "each": "list",
      "provider": "provider.github",
      "instances": []
    },
    {
      "module": "module.repo_verify_performance",
      "mode": "managed",
      "type": "github_repository_collaborator",
      "name": "repo_collaborator_pull",
      "each": "list",
      "provider": "provider.github",
      "instances": []
    },
    {
      "module": "module.repo_dcs_client_acceptance_tests",
      "mode": "managed",
      "type": "github_repository_collaborator",
      "name": "repo_collaborator_pull",
      "each": "list",
      "provider": "provider.github",
      "instances": []
    },
    {
      "module": "module.repo_verify_performance_scripts",
      "mode": "managed",
      "type": "github_repository_collaborator",
      "name": "repo_collaborator_pull",
      "each": "list",
      "provider": "provider.github",
      "instances": []
    },
    {
      "module": "module.repo_verify_frontend_federation_config",
      "mode": "managed",
      "type": "github_repository_collaborator",
      "name": "repo_collaborator_pull",
      "each": "list",
      "provider": "provider.github",
      "instances": []
    },
    {
      "module": "module.repo_verify_release_logs",
      "mode": "managed",
      "type": "github_repository_collaborator",
      "name": "repo_collaborator_pull",
      "each": "list",
      "provider": "provider.github",
      "instances": []
    },
    {
      "module": "module.repo_verify_il3_laptop_bootstrap",
      "mode": "managed",
      "type": "github_repository_collaborator",
      "name": "repo_collaborator_pull",
      "each": "list",
      "provider": "provider.github",
      "instances": []
    },
    {
      "module": "module.repo_verify_event_emitter_loader",
      "mode": "managed",
      "type": "github_repository_collaborator",
      "name": "repo_collaborator_pull",
      "each": "list",
      "provider": "provider.github",
      "instances": []
    },
    {
      "module": "module.repo_verify_team_manual",
      "mode": "managed",
      "type": "github_repository_collaborator",
      "name": "repo_collaborator_pull",
      "each": "list",
      "provider": "provider.github",
      "instances": []
    },
    {
      "module": "module.repo_verify_metadata",
      "mode": "managed",
      "type": "github_repository_collaborator",
      "name": "repo_collaborator_pull",
      "each": "list",
      "provider": "provider.github",
      "instances": []
    },
    {
      "module": "module.repo_verify_hub",
      "mode": "managed",
      "type": "github_repository_collaborator",
      "name": "repo_collaborator_pull",
      "each": "list",
      "provider": "provider.github",
      "instances": []
    },
    {
      "module": "module.repo_verify_acceptance_tests",
      "mode": "managed",
      "type": "github_repository_collaborator",
      "name": "repo_collaborator_pull",
      "each": "list",
      "provider": "provider.github",
      "instances": []
    },
    {
      "module": "module.repo_verify_rp_environment_config_form",
      "mode": "managed",
      "type": "github_repository_collaborator",
      "name": "repo_collaborator_pull",
      "each": "list",
      "provider": "provider.github",
      "instances": []
    },
    {
      "module": "module.repo_verify_event_infrastructure",
      "mode": "managed",
      "type": "github_repository_collaborator",
      "name": "repo_collaborator_pull",
      "each": "list",
      "provider": "provider.github",
      "instances": [
        {
          "index_key": 0,
          "schema_version": 0,
          "attributes": {
            "id": "verify-event-infrastructure:verify-cd-read-only",
            "invitation_id": null,
            "permission": "pull",
            "repository": "verify-event-infrastructure",
            "username": "verify-cd-read-only"
          },
          "depends_on": [
            "github_repository.repo"
          ]
        }
      ]
    },
    {
      "module": "module.repo_verify_release_automation",
      "mode": "managed",
      "type": "github_team_repository",
      "name": "repo_team_pull",
      "each": "list",
      "provider": "provider.github",
      "instances": []
    },
    {
      "module": "module.repo_verify_frontend",
      "mode": "managed",
      "type": "github_team_repository",
      "name": "repo_team_pull",
      "each": "list",
      "provider": "provider.github",
      "instances": []
    },
    {
      "module": "module.repo_verify_infrastructure",
      "mode": "managed",
      "type": "github_team_repository",
      "name": "repo_team_pull",
      "each": "list",
      "provider": "provider.github",
      "instances": []
    },
    {
      "module": "module.repo_verify_service_provider",
      "mode": "managed",
      "type": "github_team_repository",
      "name": "repo_team_pull",
      "each": "list",
      "provider": "provider.github",
      "instances": []
    },
    {
      "module": "module.repo_verify_event_recorder_service",
      "mode": "managed",
      "type": "github_team_repository",
      "name": "repo_team_pull",
      "each": "list",
      "provider": "provider.github",
      "instances": []
    },
    {
      "module": "module.repo_verify_proxy_node",
      "mode": "managed",
      "type": "github_team_repository",
      "name": "repo_team_pull",
      "each": "list",
      "provider": "provider.github",
      "instances": []
    },
    {
      "module": "module.repo_ida_hub_support",
      "mode": "managed",
      "type": "github_team_repository",
      "name": "repo_team_pull",
      "each": "list",
      "provider": "provider.github",
      "instances": []
    },
    {
      "module": "module.repo_verify_token_service",
      "mode": "managed",
      "type": "github_team_repository",
      "name": "repo_team_pull",
      "each": "list",
      "provider": "provider.github",
      "instances": []
    },
    {
      "module": "module.repo_verify_hub_federation_config",
      "mode": "managed",
      "type": "github_team_repository",
      "name": "repo_team_pull",
      "each": "list",
      "provider": "provider.github",
      "instances": []
    },
    {
      "module": "module.repo_verify_test_repo",
      "mode": "managed",
      "type": "github_team_repository",
      "name": "repo_team_pull",
      "each": "list",
      "provider": "provider.github",
      "instances": []
    },
    {
      "module": "module.repo_verify_idp_predictor",
      "mode": "managed",
      "type": "github_team_repository",
      "name": "repo_team_pull",
      "each": "list",
      "provider": "provider.github",
      "instances": []
    },
    {
      "module": "module.repo_verify_stub_idp_federation_config",
      "mode": "managed",
      "type": "github_team_repository",
      "name": "repo_team_pull",
      "each": "list",
      "provider": "provider.github",
      "instances": []
    },
    {
      "module": "module.repo_verify_build_scripts",
      "mode": "managed",
      "type": "github_team_repository",
      "name": "repo_team_pull",
      "each": "list",
      "provider": "provider.github",
      "instances": []
    },
    {
      "module": "module.repo_verify_support_form",
      "mode": "managed",
      "type": "github_team_repository",
      "name": "repo_team_pull",
      "each": "list",
      "provider": "provider.github",
      "instances": []
    },
    {
      "module": "module.repo_verify_proxy_node_infra",
      "mode": "managed",
      "type": "github_team_repository",
      "name": "repo_team_pull",
      "each": "list",
      "provider": "provider.github",
      "instances": []
    },
    {
      "module": "module.repo_verify_puppet",
      "mode": "managed",
      "type": "github_team_repository",
      "name": "repo_team_pull",
      "each": "list",
      "provider": "provider.github",
      "instances": []
    },
    {
      "module": "module.repo_verify_datascience_sandbox",
      "mode": "managed",
      "type": "github_team_repository",
      "name": "repo_team_pull",
      "each": "list",
      "provider": "provider.github",
      "instances": []
    },
    {
      "module": "module.repo_verify_german_eidas_middleware",
      "mode": "managed",
      "type": "github_team_repository",
      "name": "repo_team_pull",
      "each": "list",
      "provider": "provider.github",
      "instances": []
    },
    {
      "module": "module.repo_verify_local_matching_service_example",
      "mode": "managed",
      "type": "github_team_repository",
      "name": "repo_team_pull",
      "each": "list",
      "provider": "provider.github",
      "instances": []
    },
    {
      "module": "module.repo_verify_eidas_metadata_aggregator",
      "mode": "managed",
      "type": "github_team_repository",
      "name": "repo_team_pull",
      "each": "list",
      "provider": "provider.github",
      "instances": []
    },
    {
      "module": "module.repo_verify_blackbox_passwords",
      "mode": "managed",
      "type": "github_team_repository",
      "name": "repo_team_pull",
      "each": "list",
      "provider": "provider.github",
      "instances": []
    },
    {
      "module": "module.repo_verify_event_emitter",
      "mode": "managed",
      "type": "github_team_repository",
      "name": "repo_team_pull",
      "each": "list",
      "provider": "provider.github",
      "instances": []
    },
    {
      "module": "module.repo_verify_eidas_mw_run",
      "mode": "managed",
      "type": "github_team_repository",
      "name": "repo_team_pull",
      "each": "list",
      "provider": "provider.github",
      "instances": []
    },
    {
      "module": "module.repo_passport_verify",
      "mode": "managed",
      "type": "github_team_repository",
      "name": "repo_team_pull",
      "each": "list",
      "provider": "provider.github",
      "instances": []
    },
    {
      "module": "module.repo_verify_stub_idp",
      "mode": "managed",
      "type": "github_team_repository",
      "name": "repo_team_pull",
      "each": "list",
      "provider": "provider.github",
      "instances": []
    },
    {
      "module": "module.repo_verify_infrastructure_config",
      "mode": "managed",
      "type": "github_team_repository",
      "name": "repo_team_pull",
      "each": "list",
      "provider": "provider.github",
      "instances": []
    },
    {
      "module": "module.repo_verify_idp_pid_hasherator",
      "mode": "managed",
      "type": "github_team_repository",
      "name": "repo_team_pull",
      "each": "list",
      "provider": "provider.github",
      "instances": []
    },
    {
      "module": "module.repo_verify_self_service",
      "mode": "managed",
      "type": "github_team_repository",
      "name": "repo_team_pull",
      "each": "list",
      "provider": "provider.github",
      "instances": []
    },
    {
      "module": "module.repo_verify_data_pipeline",
      "mode": "managed",
      "type": "github_team_repository",
      "name": "repo_team_pull",
      "each": "list",
      "provider": "provider.github",
      "instances": []
    },
    {
      "module": "module.repo_ida_hub_acceptance_tests",
      "mode": "managed",
      "type": "github_team_repository",
      "name": "repo_team_pull",
      "each": "list",
      "provider": "provider.github",
      "instances": []
    },
    {
      "module": "module.repo_verify_local_startup",
      "mode": "managed",
      "type": "github_team_repository",
      "name": "repo_team_pull",
      "each": "list",
      "provider": "provider.github",
      "instances": []
    },
    {
      "module": "module.repo_doc_checking",
      "mode": "managed",
      "type": "github_team_repository",
      "name": "repo_team_pull",
      "each": "list",
      "provider": "provider.github",
      "instances": []
    },
    {
      "module": "module.repo_verify_data_pipeline_config",
      "mode": "managed",
      "type": "github_team_repository",
      "name": "repo_team_pull",
      "each": "list",
      "provider": "provider.github",
      "instances": []
    },
    {
      "module": "module.repo_verify_test_rp",
      "mode": "managed",
      "type": "github_team_repository",
      "name": "repo_team_pull",
      "each": "list",
      "provider": "provider.github",
      "instances": []
    },
    {
      "module": "module.repo_verify_eidas_trust_anchor",
      "mode": "managed",
      "type": "github_team_repository",
      "name": "repo_team_pull",
      "each": "list",
      "provider": "provider.github",
      "instances": []
    },
    {
      "module": "module.repo_metadata_checker",
      "mode": "managed",
      "type": "github_team_repository",
      "name": "repo_team_pull",
      "each": "list",
      "provider": "provider.github",
      "instances": []
    },
    {
      "module": "module.repo_verify_product_page",
      "mode": "managed",
      "type": "github_team_repository",
      "name": "repo_team_pull",
      "each": "list",
      "provider": "provider.github",
      "instances": []
    },
    {
      "module": "module.repo_verify_data_schemas",
      "mode": "managed",
      "type": "github_team_repository",
      "name": "repo_team_pull",
      "each": "list",
      "provider": "provider.github",
      "instances": []
    },
    {
      "module": "module.repo_verify_boxes",
      "mode": "managed",
      "type": "github_team_repository",
      "name": "repo_team_pull",
      "each": "list",
      "provider": "provider.github",
      "instances": []
    },
    {
      "module": "module.repo_verify_utils_libs",
      "mode": "managed",
      "type": "github_team_repository",
      "name": "repo_team_pull",
      "each": "list",
      "provider": "provider.github",
      "instances": []
    },
    {
      "module": "module.repo_dcs_performance_tests",
      "mode": "managed",
      "type": "github_team_repository",
      "name": "repo_team_pull",
      "each": "list",
      "provider": "provider.github",
      "instances": []
    },
    {
      "module": "module.repo_dcs_client",
      "mode": "managed",
      "type": "github_team_repository",
      "name": "repo_team_pull",
      "each": "list",
      "provider": "provider.github",
      "instances": []
    },
    {
      "module": "module.repo_ida_performance_tests",
      "mode": "managed",
      "type": "github_team_repository",
      "name": "repo_team_pull",
      "each": "list",
      "provider": "provider.github",
      "instances": []
    },
    {
      "module": "module.repo_verify_dashing",
      "mode": "managed",
      "type": "github_team_repository",
      "name": "repo_team_pull",
      "each": "list",
      "provider": "provider.github",
      "instances": []
    },
    {
      "module": "module.repo_verify_matching_service_adapter",
      "mode": "managed",
      "type": "github_team_repository",
      "name": "repo_team_pull",
      "each": "list",
      "provider": "provider.github",
      "instances": []
    },
    {
      "module": "module.repo_verify_tech_team",
      "mode": "managed",
      "type": "github_team_repository",
      "name": "repo_team_pull",
      "each": "list",
      "provider": "provider.github",
      "instances": []
    },
    {
      "module": "module.repo_verify_matomo_utils",
      "mode": "managed",
      "type": "github_team_repository",
      "name": "repo_team_pull",
      "each": "list",
      "provider": "provider.github",
      "instances": []
    },
    {
      "module": "module.repo_verify_fabric",
      "mode": "managed",
      "type": "github_team_repository",
      "name": "repo_team_pull",
      "each": "list",
      "provider": "provider.github",
      "instances": []
    },
    {
      "module": "module.repo_verify_packages",
      "mode": "managed",
      "type": "github_team_repository",
      "name": "repo_team_pull",
      "each": "list",
      "provider": "provider.github",
      "instances": []
    },
    {
      "module": "module.repo_verify_terraform",
      "mode": "managed",
      "type": "github_team_repository",
      "name": "repo_team_pull",
      "each": "list",
      "provider": "provider.github",
      "instances": []
    },
    {
      "module": "module.repo_passport_verify_stub_relying_party",
      "mode": "managed",
      "type": "github_team_repository",
      "name": "repo_team_pull",
      "each": "list",
      "provider": "provider.github",
      "instances": []
    },
    {
      "module": "module.repo_ida_compliance_tool",
      "mode": "managed",
      "type": "github_team_repository",
      "name": "repo_team_pull",
      "each": "list",
      "provider": "provider.github",
      "instances": []
    },
    {
      "module": "module.repo_verify_architecture",
      "mode": "managed",
      "type": "github_team_repository",
      "name": "repo_team_pull",
      "each": "list",
      "provider": "provider.github",
      "instances": []
    },
    {
      "module": "module.repo_verify_ansible",
      "mode": "managed",
      "type": "github_team_repository",
      "name": "repo_team_pull",
      "each": "list",
      "provider": "provider.github",
      "instances": []
    },
    {
      "module": "module.repo_verify_eidas_mw_config_generator",
      "mode": "managed",
      "type": "github_team_repository",
      "name": "repo_team_pull",
      "each": "list",
      "provider": "provider.github",
      "instances": []
    },
    {
      "module": "module.repo_verify_event_system_database_scripts",
      "mode": "managed",
      "type": "github_team_repository",
      "name": "repo_team_pull",
      "each": "list",
      "provider": "provider.github",
      "instances": []
    },
    {
      "module": "module.repo_verify_saml_libs",
      "mode": "managed",
      "type": "github_team_repository",
      "name": "repo_team_pull",
      "each": "list",
      "provider": "provider.github",
      "instances": []
    },
    {
      "module": "module.repo_verify_event_system_alarm_notifier",
      "mode": "managed",
      "type": "github_team_repository",
      "name": "repo_team_pull",
      "each": "list",
      "provider": "provider.github",
      "instances": []
    },
    {
      "module": "module.repo_splunk_library_javalogging",
      "mode": "managed",
      "type": "github_team_repository",
      "name": "repo_team_pull",
      "each": "list",
      "provider": "provider.github",
      "instances": []
    },
    {
      "module": "module.repo_verify_jenkins_job_builder",
      "mode": "managed",
      "type": "github_team_repository",
      "name": "repo_team_pull",
      "each": "list",
      "provider": "provider.github",
      "instances": []
    },
    {
      "module": "module.repo_verify_self_service_infrastructure",
      "mode": "managed",
      "type": "github_team_repository",
      "name": "repo_team_pull",
      "each": "list",
      "provider": "provider.github",
      "instances": []
    },
    {
      "module": "module.repo_verify_performance",
      "mode": "managed",
      "type": "github_team_repository",
      "name": "repo_team_pull",
      "each": "list",
      "provider": "provider.github",
      "instances": []
    },
    {
      "module": "module.repo_dcs_client_acceptance_tests",
      "mode": "managed",
      "type": "github_team_repository",
      "name": "repo_team_pull",
      "each": "list",
      "provider": "provider.github",
      "instances": []
    },
    {
      "module": "module.repo_verify_performance_scripts",
      "mode": "managed",
      "type": "github_team_repository",
      "name": "repo_team_pull",
      "each": "list",
      "provider": "provider.github",
      "instances": []
    },
    {
      "module": "module.repo_verify_frontend_federation_config",
      "mode": "managed",
      "type": "github_team_repository",
      "name": "repo_team_pull",
      "each": "list",
      "provider": "provider.github",
      "instances": []
    },
    {
      "module": "module.repo_verify_release_logs",
      "mode": "managed",
      "type": "github_team_repository",
      "name": "repo_team_pull",
      "each": "list",
      "provider": "provider.github",
      "instances": []
    },
    {
      "module": "module.repo_verify_il3_laptop_bootstrap",
      "mode": "managed",
      "type": "github_team_repository",
      "name": "repo_team_pull",
      "each": "list",
      "provider": "provider.github",
      "instances": []
    },
    {
      "module": "module.repo_verify_event_emitter_loader",
      "mode": "managed",
      "type": "github_team_repository",
      "name": "repo_team_pull",
      "each": "list",
      "provider": "provider.github",
      "instances": []
    },
    {
      "module": "module.repo_verify_team_manual",
      "mode": "managed",
      "type": "github_team_repository",
      "name": "repo_team_pull",
      "each": "list",
      "provider": "provider.github",
      "instances": []
    },
    {
      "module": "module.repo_verify_metadata",
      "mode": "managed",
      "type": "github_team_repository",
      "name": "repo_team_pull",
      "each": "list",
      "provider": "provider.github",
      "instances": []
    },
    {
      "module": "module.repo_verify_hub",
      "mode": "managed",
      "type": "github_team_repository",
      "name": "repo_team_pull",
      "each": "list",
      "provider": "provider.github",
      "instances": []
    },
    {
      "module": "module.repo_verify_acceptance_tests",
      "mode": "managed",
      "type": "github_team_repository",
      "name": "repo_team_pull",
      "each": "list",
      "provider": "provider.github",
      "instances": []
    },
    {
      "module": "module.repo_verify_rp_environment_config_form",
      "mode": "managed",
      "type": "github_team_repository",
      "name": "repo_team_pull",
      "each": "list",
      "provider": "provider.github",
      "instances": []
    },
    {
      "module": "module.repo_verify_event_infrastructure",
      "mode": "managed",
      "type": "github_team_repository",
      "name": "repo_team_pull",
      "each": "list",
      "provider": "provider.github",
      "instances": []
    },
    {
      "module": "module.repo_verify_release_automation",
      "mode": "managed",
      "type": "github_team_repository",
      "name": "repo_team_push",
      "each": "list",
      "provider": "provider.github",
      "instances": [
        {
          "index_key": 0,
          "schema_version": 0,
          "attributes": {
            "etag": "W/\"d5a3f054f3b8d3cad0d4b576b6548a0a\"",
            "id": "2826122:verify-release-automation",
            "permission": "push",
            "repository": "verify-release-automation",
            "team_id": "2826122"
          },
          "depends_on": [
            "data.github_team.push_teams",
            "github_repository.repo"
          ]
        }
      ]
    },
    {
      "module": "module.repo_verify_frontend",
      "mode": "managed",
      "type": "github_team_repository",
      "name": "repo_team_push",
      "each": "list",
      "provider": "provider.github",
      "instances": [
        {
          "index_key": 0,
          "schema_version": 0,
          "attributes": {
            "etag": "W/\"9389ed2fcd881d454bf6d4bb6c673bb4\"",
            "id": "2826122:verify-frontend",
            "permission": "push",
            "repository": "verify-frontend",
            "team_id": "2826122"
          },
          "depends_on": [
            "data.github_team.push_teams",
            "github_repository.repo"
          ]
        }
      ]
    },
    {
      "module": "module.repo_verify_infrastructure",
      "mode": "managed",
      "type": "github_team_repository",
      "name": "repo_team_push",
      "each": "list",
      "provider": "provider.github",
      "instances": [
        {
          "index_key": 0,
          "schema_version": 0,
          "attributes": {
            "etag": "W/\"c2dd6e5c48f035450b7c74d38be112ce\"",
            "id": "2826122:verify-infrastructure",
            "permission": "push",
            "repository": "verify-infrastructure",
            "team_id": "2826122"
          },
          "depends_on": [
            "data.github_team.push_teams",
            "github_repository.repo"
          ]
        },
        {
          "index_key": 1,
          "schema_version": 0,
          "attributes": {
            "etag": "W/\"c2dd6e5c48f035450b7c74d38be112ce\"",
            "id": "2826127:verify-infrastructure",
            "permission": "push",
            "repository": "verify-infrastructure",
            "team_id": "2826127"
          },
          "depends_on": [
            "data.github_team.push_teams",
            "github_repository.repo"
          ]
        }
      ]
    },
    {
      "module": "module.repo_verify_service_provider",
      "mode": "managed",
      "type": "github_team_repository",
      "name": "repo_team_push",
      "each": "list",
      "provider": "provider.github",
      "instances": [
        {
          "index_key": 0,
          "schema_version": 0,
          "attributes": {
            "etag": "W/\"060304c1b65fd64daeade1ab4449cc5a\"",
            "id": "2826122:verify-service-provider",
            "permission": "push",
            "repository": "verify-service-provider",
            "team_id": "2826122"
          },
          "depends_on": [
            "data.github_team.push_teams",
            "github_repository.repo"
          ]
        }
      ]
    },
    {
      "module": "module.repo_verify_event_recorder_service",
      "mode": "managed",
      "type": "github_team_repository",
      "name": "repo_team_push",
      "each": "list",
      "provider": "provider.github",
      "instances": [
        {
          "index_key": 0,
          "schema_version": 0,
          "attributes": {
            "etag": "W/\"b73a790ad8f613a5307168dda35a5510\"",
            "id": "2826122:verify-event-recorder-service",
            "permission": "push",
            "repository": "verify-event-recorder-service",
            "team_id": "2826122"
          },
          "depends_on": [
            "data.github_team.teams",
            "github_repository.repo"
          ]
        }
      ]
    },
    {
      "module": "module.repo_verify_proxy_node",
      "mode": "managed",
      "type": "github_team_repository",
      "name": "repo_team_push",
      "each": "list",
      "provider": "provider.github",
      "instances": [
        {
          "index_key": 0,
          "schema_version": 0,
          "attributes": {
            "etag": "W/\"d2274356c456573c0c782ee16a409bf5\"",
            "id": "2826126:verify-proxy-node",
            "permission": "push",
            "repository": "verify-proxy-node",
            "team_id": "2826126"
          },
          "depends_on": [
            "data.github_team.push_teams",
            "github_repository.repo"
          ]
        }
      ]
    },
    {
      "module": "module.repo_ida_hub_support",
      "mode": "managed",
      "type": "github_team_repository",
      "name": "repo_team_push",
      "each": "list",
      "provider": "provider.github",
      "instances": [
        {
          "index_key": 0,
          "schema_version": 0,
          "attributes": {
            "etag": "W/\"50fb798de5227c9a22d4aceedfc4a522\"",
            "id": "2826122:ida-hub-support",
            "permission": "pull",
            "repository": "ida-hub-support",
            "team_id": "2826122"
          },
          "depends_on": [
            "data.github_team.teams",
            "github_repository.repo"
          ]
        }
      ]
    },
    {
      "module": "module.repo_verify_token_service",
      "mode": "managed",
      "type": "github_team_repository",
      "name": "repo_team_push",
      "each": "list",
      "provider": "provider.github",
      "instances": [
        {
          "index_key": 0,
          "schema_version": 0,
          "attributes": {
            "etag": "W/\"280eafd8756995153ea6a22cf0e072fd\"",
            "id": "2826122:verify-token-service",
            "permission": "pull",
            "repository": "verify-token-service",
            "team_id": "2826122"
          },
          "depends_on": [
            "data.github_team.teams",
            "github_repository.repo"
          ]
        }
      ]
    },
    {
      "module": "module.repo_verify_hub_federation_config",
      "mode": "managed",
      "type": "github_team_repository",
      "name": "repo_team_push",
      "each": "list",
      "provider": "provider.github",
      "instances": [
        {
          "index_key": 0,
          "schema_version": 0,
          "attributes": {
            "etag": "W/\"bf9cf1e249c59539c2c49495254d59f8\"",
            "id": "2826122:verify-hub-federation-config",
            "permission": "push",
            "repository": "verify-hub-federation-config",
            "team_id": "2826122"
          },
          "depends_on": [
            "data.github_team.teams",
            "github_repository.repo"
          ]
        }
      ]
    },
    {
      "module": "module.repo_verify_test_repo",
      "mode": "managed",
      "type": "github_team_repository",
      "name": "repo_team_push",
      "each": "list",
      "provider": "provider.github",
      "instances": [
        {
          "index_key": 0,
          "schema_version": 0,
          "attributes": {
            "etag": "W/\"f1ea2bec145d90bb81072f542e34f638\"",
            "id": "2826122:verify-test-repo",
            "permission": "push",
            "repository": "verify-test-repo",
            "team_id": "2826122"
          },
          "depends_on": [
            "data.github_team.teams",
            "github_repository.repo"
          ]
        }
      ]
    },
    {
      "module": "module.repo_verify_idp_predictor",
      "mode": "managed",
      "type": "github_team_repository",
      "name": "repo_team_push",
      "each": "list",
      "provider": "provider.github",
      "instances": [
        {
          "index_key": 0,
          "schema_version": 0,
          "attributes": {
            "etag": "W/\"14bcf99e7a73b8aef4cf6ad0d7450936\"",
            "id": "2826122:verify-idp-predictor",
            "permission": "push",
            "repository": "verify-idp-predictor",
            "team_id": "2826122"
          },
          "depends_on": [
            "data.github_team.push_teams",
            "github_repository.repo"
          ]
        }
      ]
    },
    {
      "module": "module.repo_verify_stub_idp_federation_config",
      "mode": "managed",
      "type": "github_team_repository",
      "name": "repo_team_push",
      "each": "list",
      "provider": "provider.github",
      "instances": [
        {
          "index_key": 0,
          "schema_version": 0,
          "attributes": {
            "etag": "W/\"0822c9fdd4bbe8653cd9c2c3353847f2\"",
            "id": "2826122:verify-stub-idp-federation-config",
            "permission": "push",
            "repository": "verify-stub-idp-federation-config",
            "team_id": "2826122"
          },
          "depends_on": [
            "data.github_team.teams",
            "github_repository.repo"
          ]
        }
      ]
    },
    {
      "module": "module.repo_verify_build_scripts",
      "mode": "managed",
      "type": "github_team_repository",
      "name": "repo_team_push",
      "each": "list",
      "provider": "provider.github",
      "instances": [
        {
          "index_key": 0,
          "schema_version": 0,
          "attributes": {
            "etag": "W/\"2090d73d9eadf9769fdaeea711a06eec\"",
            "id": "2826122:verify-build-scripts",
            "permission": "push",
            "repository": "verify-build-scripts",
            "team_id": "2826122"
          },
          "depends_on": [
            "data.github_team.push_teams",
            "github_repository.repo"
          ]
        }
      ]
    },
    {
      "module": "module.repo_verify_support_form",
      "mode": "managed",
      "type": "github_team_repository",
      "name": "repo_team_push",
      "each": "list",
      "provider": "provider.github",
      "instances": [
        {
          "index_key": 0,
          "schema_version": 0,
          "attributes": {
            "etag": "W/\"b4a9854aecb831909191d197b1daa75c\"",
            "id": "2826122:verify-support-form",
            "permission": "push",
            "repository": "verify-support-form",
            "team_id": "2826122"
          },
          "depends_on": [
            "data.github_team.push_teams",
            "github_repository.repo"
          ]
        }
      ]
    },
    {
      "module": "module.repo_verify_proxy_node_infra",
      "mode": "managed",
      "type": "github_team_repository",
      "name": "repo_team_push",
      "each": "list",
      "provider": "provider.github",
      "instances": [
        {
          "index_key": 0,
          "schema_version": 0,
          "attributes": {
            "etag": "W/\"1fc9a6951f03b98cfea46985272c6f74\"",
            "id": "2826126:verify-proxy-node-infra",
            "permission": "push",
            "repository": "verify-proxy-node-infra",
            "team_id": "2826126"
          },
          "depends_on": [
            "data.github_team.push_teams",
            "github_repository.repo"
          ]
        },
        {
          "index_key": 1,
          "schema_version": 0,
          "attributes": {
            "etag": "W/\"1fc9a6951f03b98cfea46985272c6f74\"",
            "id": "2826127:verify-proxy-node-infra",
            "permission": "push",
            "repository": "verify-proxy-node-infra",
            "team_id": "2826127"
          },
          "depends_on": [
            "data.github_team.push_teams",
            "github_repository.repo"
          ]
        }
      ]
    },
    {
      "module": "module.repo_verify_puppet",
      "mode": "managed",
      "type": "github_team_repository",
      "name": "repo_team_push",
      "each": "list",
      "provider": "provider.github",
      "instances": [
        {
          "index_key": 0,
          "schema_version": 0,
          "attributes": {
            "etag": "W/\"9df1a54a02874ece30edfa27a43be8e3\"",
            "id": "2826122:verify-puppet",
            "permission": "push",
            "repository": "verify-puppet",
            "team_id": "2826122"
          },
          "depends_on": [
            "data.github_team.push_teams",
            "github_repository.repo"
          ]
        },
        {
          "index_key": 1,
          "schema_version": 0,
          "attributes": {
            "etag": "W/\"9df1a54a02874ece30edfa27a43be8e3\"",
            "id": "2826127:verify-puppet",
            "permission": "push",
            "repository": "verify-puppet",
            "team_id": "2826127"
          },
          "depends_on": [
            "data.github_team.push_teams",
            "github_repository.repo"
          ]
        }
      ]
    },
    {
      "module": "module.repo_verify_datascience_sandbox",
      "mode": "managed",
      "type": "github_team_repository",
      "name": "repo_team_push",
      "each": "list",
      "provider": "provider.github",
      "instances": [
        {
          "index_key": 0,
          "schema_version": 0,
          "attributes": {
            "etag": "W/\"e81b0ca5637e9a5bf88298362402bfec\"",
            "id": "2826122:verify-datascience-sandbox",
            "permission": "push",
            "repository": "verify-datascience-sandbox",
            "team_id": "2826122"
          },
          "depends_on": [
            "data.github_team.push_teams",
            "github_repository.repo"
          ]
        }
      ]
    },
    {
      "module": "module.repo_verify_german_eidas_middleware",
      "mode": "managed",
      "type": "github_team_repository",
      "name": "repo_team_push",
      "each": "list",
      "provider": "provider.github",
      "instances": [
        {
          "index_key": 0,
          "schema_version": 0,
          "attributes": {
            "etag": "W/\"d13a5db12038c639ed6da758e62d2547\"",
            "id": "2826126:verify-german-eidas-middleware",
            "permission": "push",
            "repository": "verify-german-eidas-middleware",
            "team_id": "2826126"
          },
          "depends_on": [
            "data.github_team.push_teams",
            "github_repository.repo"
          ]
        }
      ]
    },
    {
      "module": "module.repo_verify_local_matching_service_example",
      "mode": "managed",
      "type": "github_team_repository",
      "name": "repo_team_push",
      "each": "list",
      "provider": "provider.github",
      "instances": [
        {
          "index_key": 0,
          "schema_version": 0,
          "attributes": {
            "etag": "W/\"c586dbdaaaccaa4074441a00691308e0\"",
            "id": "2826122:verify-local-matching-service-example",
            "permission": "push",
            "repository": "verify-local-matching-service-example",
            "team_id": "2826122"
          },
          "depends_on": [
            "data.github_team.push_teams",
            "github_repository.repo"
          ]
        }
      ]
    },
    {
      "module": "module.repo_verify_eidas_metadata_aggregator",
      "mode": "managed",
      "type": "github_team_repository",
      "name": "repo_team_push",
      "each": "list",
      "provider": "provider.github",
      "instances": [
        {
          "index_key": 0,
          "schema_version": 0,
          "attributes": {
            "etag": "W/\"f6a59fae45bf22a8f3493cbc3304c4a4\"",
            "id": "2826126:verify-eidas-metadata-aggregator",
            "permission": "push",
            "repository": "verify-eidas-metadata-aggregator",
            "team_id": "2826126"
          },
          "depends_on": [
            "data.github_team.push_teams",
            "github_repository.repo"
          ]
        }
      ]
    },
    {
      "module": "module.repo_verify_blackbox_passwords",
      "mode": "managed",
      "type": "github_team_repository",
      "name": "repo_team_push",
      "each": "list",
      "provider": "provider.github",
      "instances": [
        {
          "index_key": 0,
          "schema_version": 0,
          "attributes": {
            "etag": "W/\"5337cbfbeac8fa0d8821f15e52669f68\"",
            "id": "2826122:verify-blackbox-passwords",
            "permission": "push",
            "repository": "verify-blackbox-passwords",
            "team_id": "2826122"
          },
          "depends_on": [
            "data.github_team.push_teams",
            "github_repository.repo"
          ]
        },
        {
          "index_key": 1,
          "schema_version": 0,
          "attributes": {
            "etag": "W/\"5337cbfbeac8fa0d8821f15e52669f68\"",
            "id": "2826127:verify-blackbox-passwords",
            "permission": "push",
            "repository": "verify-blackbox-passwords",
            "team_id": "2826127"
          },
          "depends_on": [
            "data.github_team.push_teams",
            "github_repository.repo"
          ]
        }
      ]
    },
    {
      "module": "module.repo_verify_event_emitter",
      "mode": "managed",
      "type": "github_team_repository",
      "name": "repo_team_push",
      "each": "list",
      "provider": "provider.github",
      "instances": [
        {
          "index_key": 0,
          "schema_version": 0,
          "attributes": {
            "etag": "W/\"9b06165fe3497cb1b1ea12a28de35ad8\"",
            "id": "2826122:verify-event-emitter",
            "permission": "push",
            "repository": "verify-event-emitter",
            "team_id": "2826122"
          },
          "depends_on": [
            "data.github_team.teams",
            "github_repository.repo"
          ]
        }
      ]
    },
    {
      "module": "module.repo_verify_eidas_mw_run",
      "mode": "managed",
      "type": "github_team_repository",
      "name": "repo_team_push",
      "each": "list",
      "provider": "provider.github",
      "instances": [
        {
          "index_key": 0,
          "schema_version": 0,
          "attributes": {
            "etag": "W/\"405fde98cf364bff0099499360ab0c03\"",
            "id": "2826126:verify-eidas-mw-run",
            "permission": "push",
            "repository": "verify-eidas-mw-run",
            "team_id": "2826126"
          },
          "depends_on": [
            "data.github_team.push_teams",
            "github_repository.repo"
          ]
        }
      ]
    },
    {
      "module": "module.repo_passport_verify",
      "mode": "managed",
      "type": "github_team_repository",
      "name": "repo_team_push",
      "each": "list",
      "provider": "provider.github",
      "instances": [
        {
          "index_key": 0,
          "schema_version": 0,
          "attributes": {
            "etag": "W/\"d45941994b3eed6045045ea4acfc8396\"",
            "id": "2826122:passport-verify",
            "permission": "push",
            "repository": "passport-verify",
            "team_id": "2826122"
          },
          "depends_on": [
            "data.github_team.push_teams",
            "github_repository.repo"
          ]
        }
      ]
    },
    {
      "module": "module.repo_verify_stub_idp",
      "mode": "managed",
      "type": "github_team_repository",
      "name": "repo_team_push",
      "each": "list",
      "provider": "provider.github",
      "instances": [
        {
          "index_key": 0,
          "schema_version": 0,
          "attributes": {
            "etag": "W/\"c75274213c30e07edede27ee7ee40ffb\"",
            "id": "2826122:verify-stub-idp",
            "permission": "push",
            "repository": "verify-stub-idp",
            "team_id": "2826122"
          },
          "depends_on": [
            "data.github_team.teams",
            "github_repository.repo"
          ]
        }
      ]
    },
    {
      "module": "module.repo_verify_infrastructure_config",
      "mode": "managed",
      "type": "github_team_repository",
      "name": "repo_team_push",
      "each": "list",
      "provider": "provider.github",
      "instances": [
        {
          "index_key": 0,
          "schema_version": 0,
          "attributes": {
            "etag": "W/\"605dd92550fc45b7f178d3d9d50db061\"",
            "id": "2826122:verify-infrastructure-config",
            "permission": "push",
            "repository": "verify-infrastructure-config",
            "team_id": "2826122"
          },
          "depends_on": [
            "data.github_team.push_teams",
            "github_repository.repo"
          ]
        },
        {
          "index_key": 1,
          "schema_version": 0,
          "attributes": {
            "etag": "W/\"605dd92550fc45b7f178d3d9d50db061\"",
            "id": "2826127:verify-infrastructure-config",
            "permission": "push",
            "repository": "verify-infrastructure-config",
            "team_id": "2826127"
          },
          "depends_on": [
            "data.github_team.push_teams",
            "github_repository.repo"
          ]
        }
      ]
    },
    {
      "module": "module.repo_verify_idp_pid_hasherator",
      "mode": "managed",
      "type": "github_team_repository",
      "name": "repo_team_push",
      "each": "list",
      "provider": "provider.github",
      "instances": [
        {
          "index_key": 0,
          "schema_version": 0,
          "attributes": {
            "etag": "W/\"6beeb301a884c0298ebc20f96fc24742\"",
            "id": "2826122:verify-idp-pid-hasherator",
            "permission": "push",
            "repository": "verify-idp-pid-hasherator",
            "team_id": "2826122"
          },
          "depends_on": [
            "github_repository.repo"
          ]
        }
      ]
    },
    {
      "module": "module.repo_verify_self_service",
      "mode": "managed",
      "type": "github_team_repository",
      "name": "repo_team_push",
      "each": "list",
      "provider": "provider.github",
      "instances": [
        {
          "index_key": 0,
          "schema_version": 0,
          "attributes": {
            "etag": "W/\"70542fcda34ac23a4ef727cf959672d3\"",
            "id": "2826122:verify-self-service",
            "permission": "push",
            "repository": "verify-self-service",
            "team_id": "2826122"
          },
          "depends_on": [
            "data.github_team.push_teams",
            "github_repository.repo"
          ]
        }
      ]
    },
    {
      "module": "module.repo_verify_data_pipeline",
      "mode": "managed",
      "type": "github_team_repository",
      "name": "repo_team_push",
      "each": "list",
      "provider": "provider.github",
      "instances": [
        {
          "index_key": 0,
          "schema_version": 0,
          "attributes": {
            "etag": "W/\"6f1c120843bff8704c9940437fdfbbe5\"",
            "id": "2826122:verify-data-pipeline",
            "permission": "push",
            "repository": "verify-data-pipeline",
            "team_id": "2826122"
          },
          "depends_on": [
            "data.github_team.push_teams",
            "github_repository.repo"
          ]
        }
      ]
    },
    {
      "module": "module.repo_ida_hub_acceptance_tests",
      "mode": "managed",
      "type": "github_team_repository",
      "name": "repo_team_push",
      "each": "list",
      "provider": "provider.github",
      "instances": [
        {
          "index_key": 0,
          "schema_version": 0,
          "attributes": {
            "etag": "W/\"7e2ff6fca7652e963183f2de916269ad\"",
            "id": "2826122:ida-hub-acceptance-tests",
            "permission": "push",
            "repository": "ida-hub-acceptance-tests",
            "team_id": "2826122"
          },
          "depends_on": [
            "data.github_team.teams",
            "github_repository.repo"
          ]
        }
      ]
    },
    {
      "module": "module.repo_verify_local_startup",
      "mode": "managed",
      "type": "github_team_repository",
      "name": "repo_team_push",
      "each": "list",
      "provider": "provider.github",
      "instances": [
        {
          "index_key": 0,
          "schema_version": 0,
          "attributes": {
            "etag": "W/\"cb28e97c5242a3c5fcea66a01fdd62dc\"",
            "id": "2826122:verify-local-startup",
            "permission": "push",
            "repository": "verify-local-startup",
            "team_id": "2826122"
          },
          "depends_on": [
            "github_repository.repo"
          ]
        }
      ]
    },
    {
      "module": "module.repo_doc_checking",
      "mode": "managed",
      "type": "github_team_repository",
      "name": "repo_team_push",
      "each": "list",
      "provider": "provider.github",
      "instances": [
        {
          "index_key": 0,
          "schema_version": 0,
          "attributes": {
            "etag": "W/\"271709710106fcc32bdb6846b45c0166\"",
            "id": "2826122:doc-checking",
            "permission": "push",
            "repository": "doc-checking",
            "team_id": "2826122"
          },
          "depends_on": [
            "data.github_team.push_teams",
            "github_repository.repo"
          ]
        }
      ]
    },
    {
      "module": "module.repo_verify_data_pipeline_config",
      "mode": "managed",
      "type": "github_team_repository",
      "name": "repo_team_push",
      "each": "list",
      "provider": "provider.github",
      "instances": [
        {
          "index_key": 0,
          "schema_version": 0,
          "attributes": {
            "etag": "W/\"573e43610405e11419164ba10121b1fb\"",
            "id": "2826122:verify-data-pipeline-config",
            "permission": "push",
            "repository": "verify-data-pipeline-config",
            "team_id": "2826122"
          },
          "depends_on": [
            "data.github_team.push_teams",
            "github_repository.repo"
          ]
        }
      ]
    },
    {
      "module": "module.repo_verify_test_rp",
      "mode": "managed",
      "type": "github_team_repository",
      "name": "repo_team_push",
      "each": "list",
      "provider": "provider.github",
      "instances": [
        {
          "index_key": 0,
          "schema_version": 0,
          "attributes": {
            "etag": "W/\"cbd4eafe3815dda8094b889c9fb8c2ed\"",
            "id": "2826122:verify-test-rp",
            "permission": "push",
            "repository": "verify-test-rp",
            "team_id": "2826122"
          },
          "depends_on": [
            "data.github_team.teams",
            "github_repository.repo"
          ]
        }
      ]
    },
    {
      "module": "module.repo_verify_eidas_trust_anchor",
      "mode": "managed",
      "type": "github_team_repository",
      "name": "repo_team_push",
      "each": "list",
      "provider": "provider.github",
      "instances": [
        {
          "index_key": 0,
          "schema_version": 0,
          "attributes": {
            "etag": "W/\"6374b0853d58eb438ec6b2c1f088d9f1\"",
            "id": "2826126:verify-eidas-trust-anchor",
            "permission": "push",
            "repository": "verify-eidas-trust-anchor",
            "team_id": "2826126"
          },
          "depends_on": [
            "data.github_team.push_teams",
            "github_repository.repo"
          ]
        }
      ]
    },
    {
      "module": "module.repo_metadata_checker",
      "mode": "managed",
      "type": "github_team_repository",
      "name": "repo_team_push",
      "each": "list",
      "provider": "provider.github",
      "instances": [
        {
          "index_key": 0,
          "schema_version": 0,
          "attributes": {
            "etag": "W/\"5aced645d9a4bc810812950432351881\"",
            "id": "2826122:metadata-checker",
            "permission": "push",
            "repository": "metadata-checker",
            "team_id": "2826122"
          },
          "depends_on": [
            "data.github_team.push_teams",
            "github_repository.repo"
          ]
        },
        {
          "index_key": 1,
          "schema_version": 0,
          "attributes": {
            "etag": "W/\"5aced645d9a4bc810812950432351881\"",
            "id": "2826127:metadata-checker",
            "permission": "push",
            "repository": "metadata-checker",
            "team_id": "2826127"
          },
          "depends_on": [
            "data.github_team.push_teams",
            "github_repository.repo"
          ]
        }
      ]
    },
    {
      "module": "module.repo_verify_product_page",
      "mode": "managed",
      "type": "github_team_repository",
      "name": "repo_team_push",
      "each": "list",
      "provider": "provider.github",
      "instances": [
        {
          "index_key": 0,
          "schema_version": 0,
          "attributes": {
            "etag": "W/\"476e962f28c2709a5c733f862ae4cdbd\"",
            "id": "2826122:verify-product-page",
            "permission": "push",
            "repository": "verify-product-page",
            "team_id": "2826122"
          },
          "depends_on": [
            "github_repository.repo"
          ]
        }
      ]
    },
    {
      "module": "module.repo_verify_data_schemas",
      "mode": "managed",
      "type": "github_team_repository",
      "name": "repo_team_push",
      "each": "list",
      "provider": "provider.github",
      "instances": [
        {
          "index_key": 0,
          "schema_version": 0,
          "attributes": {
            "etag": "W/\"05b5387b4c0ef1ef2cecb2bf4f02eca3\"",
            "id": "2826122:verify-data-schemas",
            "permission": "pull",
            "repository": "verify-data-schemas",
            "team_id": "2826122"
          },
          "depends_on": [
            "data.github_team.push_teams",
            "github_repository.repo"
          ]
        }
      ]
    },
    {
      "module": "module.repo_verify_boxes",
      "mode": "managed",
      "type": "github_team_repository",
      "name": "repo_team_push",
      "each": "list",
      "provider": "provider.github",
      "instances": [
        {
          "index_key": 0,
          "schema_version": 0,
          "attributes": {
            "etag": "W/\"b0d0a1c985f448736454894f137708b2\"",
            "id": "2826122:verify-boxes",
            "permission": "push",
            "repository": "verify-boxes",
            "team_id": "2826122"
          },
          "depends_on": [
            "data.github_team.push_teams",
            "github_repository.repo"
          ]
        },
        {
          "index_key": 1,
          "schema_version": 0,
          "attributes": {
            "etag": "W/\"b0d0a1c985f448736454894f137708b2\"",
            "id": "2826127:verify-boxes",
            "permission": "push",
            "repository": "verify-boxes",
            "team_id": "2826127"
          },
          "depends_on": [
            "data.github_team.push_teams",
            "github_repository.repo"
          ]
        }
      ]
    },
    {
      "module": "module.repo_verify_utils_libs",
      "mode": "managed",
      "type": "github_team_repository",
      "name": "repo_team_push",
      "each": "list",
      "provider": "provider.github",
      "instances": [
        {
          "index_key": 0,
          "schema_version": 0,
          "attributes": {
            "etag": "W/\"31044b3dc1ee7ab674d5db7e6b5bf370\"",
            "id": "2826122:verify-utils-libs",
            "permission": "push",
            "repository": "verify-utils-libs",
            "team_id": "2826122"
          },
          "depends_on": [
            "data.github_team.teams",
            "github_repository.repo"
          ]
        }
      ]
    },
    {
      "module": "module.repo_dcs_performance_tests",
      "mode": "managed",
      "type": "github_team_repository",
      "name": "repo_team_push",
      "each": "list",
      "provider": "provider.github",
      "instances": [
        {
          "index_key": 0,
          "schema_version": 0,
          "attributes": {
            "etag": "W/\"3f2bf51c8a5ff4bd83b958228d8b9a23\"",
            "id": "2826122:dcs-performance-tests",
            "permission": "push",
            "repository": "dcs-performance-tests",
            "team_id": "2826122"
          },
          "depends_on": [
            "data.github_team.push_teams",
            "github_repository.repo"
          ]
        }
      ]
    },
    {
      "module": "module.repo_dcs_client",
      "mode": "managed",
      "type": "github_team_repository",
      "name": "repo_team_push",
      "each": "list",
      "provider": "provider.github",
      "instances": [
        {
          "index_key": 0,
          "schema_version": 0,
          "attributes": {
            "etag": "W/\"2117744a6866635cd59d7bcd0b5a931c\"",
            "id": "2826122:dcs-client",
            "permission": "push",
            "repository": "dcs-client",
            "team_id": "2826122"
          },
          "depends_on": [
            "data.github_team.push_teams",
            "github_repository.repo"
          ]
        }
      ]
    },
    {
      "module": "module.repo_ida_performance_tests",
      "mode": "managed",
      "type": "github_team_repository",
      "name": "repo_team_push",
      "each": "list",
      "provider": "provider.github",
      "instances": [
        {
          "index_key": 0,
          "schema_version": 0,
          "attributes": {
            "etag": "W/\"1f71af0288b653979079bdc48c90b4b7\"",
            "id": "2826122:ida-performance-tests",
            "permission": "push",
            "repository": "ida-performance-tests",
            "team_id": "2826122"
          },
          "private": "bnVsbA==",
          "depends_on": [
            "github_repository.repo"
          ]
        }
      ]
    },
    {
      "module": "module.repo_verify_dashing",
      "mode": "managed",
      "type": "github_team_repository",
      "name": "repo_team_push",
      "each": "list",
      "provider": "provider.github",
      "instances": [
        {
          "index_key": 0,
          "schema_version": 0,
          "attributes": {
            "etag": "W/\"8a72eecaba96f0026c619c69d163ef75\"",
            "id": "2826122:verify-dashing",
            "permission": "push",
            "repository": "verify-dashing",
            "team_id": "2826122"
          },
          "depends_on": [
            "github_repository.repo"
          ]
        }
      ]
    },
    {
      "module": "module.repo_verify_matching_service_adapter",
      "mode": "managed",
      "type": "github_team_repository",
      "name": "repo_team_push",
      "each": "list",
      "provider": "provider.github",
      "instances": [
        {
          "index_key": 0,
          "schema_version": 0,
          "attributes": {
            "etag": "W/\"741dee5524e7fe1ee008f3cfca37de60\"",
            "id": "2826122:verify-matching-service-adapter",
            "permission": "push",
            "repository": "verify-matching-service-adapter",
            "team_id": "2826122"
          },
          "depends_on": [
            "data.github_team.teams",
            "github_repository.repo"
          ]
        }
      ]
    },
    {
      "module": "module.repo_verify_tech_team",
      "mode": "managed",
      "type": "github_team_repository",
      "name": "repo_team_push",
      "each": "list",
      "provider": "provider.github",
      "instances": [
        {
          "index_key": 0,
          "schema_version": 0,
          "attributes": {
            "etag": "W/\"d9dacd6bf3f17e69483fbc3ea6c858af\"",
            "id": "2826122:verify-tech-team",
            "permission": "push",
            "repository": "verify-tech-team",
            "team_id": "2826122"
          },
          "depends_on": [
            "data.github_team.push_teams",
            "github_repository.repo"
          ]
        }
      ]
    },
    {
      "module": "module.repo_verify_matomo_utils",
      "mode": "managed",
      "type": "github_team_repository",
      "name": "repo_team_push",
      "each": "list",
      "provider": "provider.github",
      "instances": [
        {
          "index_key": 0,
          "schema_version": 0,
          "attributes": {
            "etag": "W/\"aa98fc0c5c2cb453fa4a4055d6b092ca\"",
            "id": "2826122:verify-matomo-utils",
            "permission": "push",
            "repository": "verify-matomo-utils",
            "team_id": "2826122"
          },
          "depends_on": [
            "github_repository.repo"
          ]
        }
      ]
    },
    {
      "module": "module.repo_verify_fabric",
      "mode": "managed",
      "type": "github_team_repository",
      "name": "repo_team_push",
      "each": "list",
      "provider": "provider.github",
      "instances": [
        {
          "index_key": 0,
          "schema_version": 0,
          "attributes": {
            "etag": "W/\"f6b3ba398f2f90095755ed491c2ace4a\"",
            "id": "2826122:verify-fabric",
            "permission": "push",
            "repository": "verify-fabric",
            "team_id": "2826122"
          },
          "depends_on": [
            "data.github_team.push_teams",
            "github_repository.repo"
          ]
        },
        {
          "index_key": 1,
          "schema_version": 0,
          "attributes": {
            "etag": "W/\"f6b3ba398f2f90095755ed491c2ace4a\"",
            "id": "2826127:verify-fabric",
            "permission": "push",
            "repository": "verify-fabric",
            "team_id": "2826127"
          },
          "depends_on": [
            "data.github_team.push_teams",
            "github_repository.repo"
          ]
        }
      ]
    },
    {
      "module": "module.repo_verify_packages",
      "mode": "managed",
      "type": "github_team_repository",
      "name": "repo_team_push",
      "each": "list",
      "provider": "provider.github",
      "instances": [
        {
          "index_key": 0,
          "schema_version": 0,
          "attributes": {
            "etag": "W/\"cfee037440a734802ab9832c47247766\"",
            "id": "2826122:verify-packages",
            "permission": "push",
            "repository": "verify-packages",
            "team_id": "2826122"
          },
          "depends_on": [
            "data.github_team.push_teams",
            "github_repository.repo"
          ]
        },
        {
          "index_key": 1,
          "schema_version": 0,
          "attributes": {
            "etag": "W/\"cfee037440a734802ab9832c47247766\"",
            "id": "2826127:verify-packages",
            "permission": "push",
            "repository": "verify-packages",
            "team_id": "2826127"
          },
          "depends_on": [
            "data.github_team.push_teams",
            "github_repository.repo"
          ]
        }
      ]
    },
    {
      "module": "module.repo_verify_terraform",
      "mode": "managed",
      "type": "github_team_repository",
      "name": "repo_team_push",
      "each": "list",
      "provider": "provider.github",
      "instances": [
        {
          "index_key": 0,
          "schema_version": 0,
          "attributes": {
            "etag": "W/\"f1e692e3c3061a67fe7a3817ceed7002\"",
            "id": "2826122:verify-terraform",
            "permission": "push",
            "repository": "verify-terraform",
            "team_id": "2826122"
          },
          "depends_on": [
            "data.github_team.push_teams",
            "github_repository.repo"
          ]
        },
        {
          "index_key": 1,
          "schema_version": 0,
          "attributes": {
            "etag": "W/\"f1e692e3c3061a67fe7a3817ceed7002\"",
            "id": "2826127:verify-terraform",
            "permission": "push",
            "repository": "verify-terraform",
            "team_id": "2826127"
          },
          "depends_on": [
            "data.github_team.push_teams",
            "github_repository.repo"
          ]
        }
      ]
    },
    {
      "module": "module.repo_passport_verify_stub_relying_party",
      "mode": "managed",
      "type": "github_team_repository",
      "name": "repo_team_push",
      "each": "list",
      "provider": "provider.github",
      "instances": [
        {
          "index_key": 0,
          "schema_version": 0,
          "attributes": {
            "etag": "W/\"510c5e99c987602e8085232b65e9866b\"",
            "id": "2826122:passport-verify-stub-relying-party",
            "permission": "push",
            "repository": "passport-verify-stub-relying-party",
            "team_id": "2826122"
          },
          "depends_on": [
            "data.github_team.push_teams",
            "github_repository.repo"
          ]
        }
      ]
    },
    {
      "module": "module.repo_ida_compliance_tool",
      "mode": "managed",
      "type": "github_team_repository",
      "name": "repo_team_push",
      "each": "list",
      "provider": "provider.github",
      "instances": [
        {
          "index_key": 0,
          "schema_version": 0,
          "attributes": {
            "etag": "W/\"40f5bae4d18b8b81d6710ad690692e3b\"",
            "id": "2826122:ida-compliance-tool",
            "permission": "push",
            "repository": "ida-compliance-tool",
            "team_id": "2826122"
          },
          "depends_on": [
            "data.github_team.teams",
            "github_repository.repo"
          ]
        }
      ]
    },
    {
      "module": "module.repo_verify_architecture",
      "mode": "managed",
      "type": "github_team_repository",
      "name": "repo_team_push",
      "each": "list",
      "provider": "provider.github",
      "instances": [
        {
          "index_key": 0,
          "schema_version": 0,
          "attributes": {
            "etag": "W/\"ce137fd47b5c7e1330f17441a50c62c5\"",
            "id": "2826122:verify-architecture",
            "permission": "push",
            "repository": "verify-architecture",
            "team_id": "2826122"
          },
          "depends_on": [
            "data.github_team.push_teams",
            "github_repository.repo"
          ]
        }
      ]
    },
    {
      "module": "module.repo_verify_ansible",
      "mode": "managed",
      "type": "github_team_repository",
      "name": "repo_team_push",
      "each": "list",
      "provider": "provider.github",
      "instances": [
        {
          "index_key": 0,
          "schema_version": 0,
          "attributes": {
            "etag": "W/\"c0e8ed598c8fdb03b4ef07be25d2aea4\"",
            "id": "2826122:verify-ansible",
            "permission": "push",
            "repository": "verify-ansible",
            "team_id": "2826122"
          },
          "depends_on": [
            "data.github_team.push_teams",
            "github_repository.repo"
          ]
        },
        {
          "index_key": 1,
          "schema_version": 0,
          "attributes": {
            "etag": "W/\"c0e8ed598c8fdb03b4ef07be25d2aea4\"",
            "id": "2826127:verify-ansible",
            "permission": "push",
            "repository": "verify-ansible",
            "team_id": "2826127"
          },
          "depends_on": [
            "data.github_team.push_teams",
            "github_repository.repo"
          ]
        }
      ]
    },
    {
      "module": "module.repo_verify_eidas_mw_config_generator",
      "mode": "managed",
      "type": "github_team_repository",
      "name": "repo_team_push",
      "each": "list",
      "provider": "provider.github",
      "instances": [
        {
          "index_key": 0,
          "schema_version": 0,
          "attributes": {
            "etag": "W/\"150c463c39889461dc2d700377d7813d\"",
            "id": "2826126:verify-eidas-mw-config-generator",
            "permission": "push",
            "repository": "verify-eidas-mw-config-generator",
            "team_id": "2826126"
          },
          "depends_on": [
            "data.github_team.push_teams",
            "github_repository.repo"
          ]
        }
      ]
    },
    {
      "module": "module.repo_verify_event_system_database_scripts",
      "mode": "managed",
      "type": "github_team_repository",
      "name": "repo_team_push",
      "each": "list",
      "provider": "provider.github",
      "instances": [
        {
          "index_key": 0,
          "schema_version": 0,
          "attributes": {
            "etag": "W/\"a74fade4371e2edb43f8c734d2dc8aee\"",
            "id": "2826122:verify-event-system-database-scripts",
            "permission": "push",
            "repository": "verify-event-system-database-scripts",
            "team_id": "2826122"
          },
          "depends_on": [
            "github_repository.repo"
          ]
        }
      ]
    },
    {
      "module": "module.repo_verify_saml_libs",
      "mode": "managed",
      "type": "github_team_repository",
      "name": "repo_team_push",
      "each": "list",
      "provider": "provider.github",
      "instances": [
        {
          "index_key": 0,
          "schema_version": 0,
          "attributes": {
            "etag": "W/\"7fb4d1828f01056b74eb2ac02becba6d\"",
            "id": "2826122:verify-saml-libs",
            "permission": "push",
            "repository": "verify-saml-libs",
            "team_id": "2826122"
          },
          "depends_on": [
            "data.github_team.teams",
            "github_repository.repo"
          ]
        }
      ]
    },
    {
      "module": "module.repo_verify_event_system_alarm_notifier",
      "mode": "managed",
      "type": "github_team_repository",
      "name": "repo_team_push",
      "each": "list",
      "provider": "provider.github",
      "instances": [
        {
          "index_key": 0,
          "schema_version": 0,
          "attributes": {
            "etag": "W/\"7599b7fd2dfb1fe5846ced5b040cc564\"",
            "id": "2826122:verify-event-system-alarm-notifier",
            "permission": "push",
            "repository": "verify-event-system-alarm-notifier",
            "team_id": "2826122"
          },
          "depends_on": [
            "github_repository.repo"
          ]
        }
      ]
    },
    {
      "module": "module.repo_splunk_library_javalogging",
      "mode": "managed",
      "type": "github_team_repository",
      "name": "repo_team_push",
      "each": "list",
      "provider": "provider.github",
      "instances": [
        {
          "index_key": 0,
          "schema_version": 0,
          "attributes": {
            "etag": "W/\"0dd667facb00e81167d5f2d30ea7a57b\"",
            "id": "2826122:splunk-library-javalogging",
            "permission": "push",
            "repository": "splunk-library-javalogging",
            "team_id": "2826122"
          },
          "depends_on": [
            "github_repository.repo"
          ]
        }
      ]
    },
    {
      "module": "module.repo_verify_jenkins_job_builder",
      "mode": "managed",
      "type": "github_team_repository",
      "name": "repo_team_push",
      "each": "list",
      "provider": "provider.github",
      "instances": [
        {
          "index_key": 0,
          "schema_version": 0,
          "attributes": {
            "etag": "W/\"179f64d03bfba5333737bd81ad477068\"",
            "id": "2826122:verify-jenkins-job-builder",
            "permission": "push",
            "repository": "verify-jenkins-job-builder",
            "team_id": "2826122"
          },
          "depends_on": [
            "data.github_team.push_teams",
            "github_repository.repo"
          ]
        },
        {
          "index_key": 1,
          "schema_version": 0,
          "attributes": {
            "etag": "W/\"179f64d03bfba5333737bd81ad477068\"",
            "id": "2826127:verify-jenkins-job-builder",
            "permission": "push",
            "repository": "verify-jenkins-job-builder",
            "team_id": "2826127"
          },
          "depends_on": [
            "data.github_team.push_teams",
            "github_repository.repo"
          ]
        }
      ]
    },
    {
      "module": "module.repo_verify_self_service_infrastructure",
      "mode": "managed",
      "type": "github_team_repository",
      "name": "repo_team_push",
      "each": "list",
      "provider": "provider.github",
      "instances": [
        {
          "index_key": 0,
          "schema_version": 0,
          "attributes": {
            "etag": "W/\"af1dc69062ea4dc351f43e393db7de5e\"",
            "id": "2826122:verify-self-service-infrastructure",
            "permission": "push",
            "repository": "verify-self-service-infrastructure",
            "team_id": "2826122"
          },
          "depends_on": [
            "github_repository.repo"
          ]
        }
      ]
    },
    {
      "module": "module.repo_verify_performance",
      "mode": "managed",
      "type": "github_team_repository",
      "name": "repo_team_push",
      "each": "list",
      "provider": "provider.github",
      "instances": [
        {
          "index_key": 0,
          "schema_version": 0,
          "attributes": {
            "etag": "W/\"60d5c96347b215c4fbb5ee4ac4abb816\"",
            "id": "2826122:verify-performance",
            "permission": "push",
            "repository": "verify-performance",
            "team_id": "2826122"
          },
          "depends_on": [
            "data.github_team.push_teams",
            "github_repository.repo"
          ]
        }
      ]
    },
    {
      "module": "module.repo_dcs_client_acceptance_tests",
      "mode": "managed",
      "type": "github_team_repository",
      "name": "repo_team_push",
      "each": "list",
      "provider": "provider.github",
      "instances": [
        {
          "index_key": 0,
          "schema_version": 0,
          "attributes": {
            "etag": "W/\"79ce32332787a09164c2118d271c9ddb\"",
            "id": "2826122:dcs-client-acceptance-tests",
            "permission": "push",
            "repository": "dcs-client-acceptance-tests",
            "team_id": "2826122"
          },
          "depends_on": [
            "data.github_team.push_teams",
            "github_repository.repo"
          ]
        }
      ]
    },
    {
      "module": "module.repo_verify_performance_scripts",
      "mode": "managed",
      "type": "github_team_repository",
      "name": "repo_team_push",
      "each": "list",
      "provider": "provider.github",
      "instances": [
        {
          "index_key": 0,
          "schema_version": 0,
          "attributes": {
            "etag": "W/\"6cfa00aacda207eb7e6f4b782b646f89\"",
            "id": "2826122:verify-performance-scripts",
            "permission": "push",
            "repository": "verify-performance-scripts",
            "team_id": "2826122"
          },
          "depends_on": [
            "data.github_team.push_teams",
            "github_repository.repo"
          ]
        }
      ]
    },
    {
      "module": "module.repo_verify_frontend_federation_config",
      "mode": "managed",
      "type": "github_team_repository",
      "name": "repo_team_push",
      "each": "list",
      "provider": "provider.github",
      "instances": [
        {
          "index_key": 0,
          "schema_version": 0,
          "attributes": {
            "etag": "W/\"5864c5d3c1f4539f532071d5bee2c5ae\"",
            "id": "2826122:verify-frontend-federation-config",
            "permission": "push",
            "repository": "verify-frontend-federation-config",
            "team_id": "2826122"
          },
          "depends_on": [
            "data.github_team.push_teams",
            "github_repository.repo"
          ]
        }
      ]
    },
    {
      "module": "module.repo_verify_release_logs",
      "mode": "managed",
      "type": "github_team_repository",
      "name": "repo_team_push",
      "each": "list",
      "provider": "provider.github",
      "instances": [
        {
          "index_key": 0,
          "schema_version": 0,
          "attributes": {
            "etag": "W/\"52cce61fdadba22d842fe35dde96f263\"",
            "id": "2826122:verify-release-logs",
            "permission": "push",
            "repository": "verify-release-logs",
            "team_id": "2826122"
          },
          "depends_on": [
            "data.github_team.push_teams",
            "github_repository.repo"
          ]
        }
      ]
    },
    {
      "module": "module.repo_verify_il3_laptop_bootstrap",
      "mode": "managed",
      "type": "github_team_repository",
      "name": "repo_team_push",
      "each": "list",
      "provider": "provider.github",
      "instances": [
        {
          "index_key": 0,
          "schema_version": 0,
          "attributes": {
            "etag": "W/\"0d83e61e39c553301a397b9e02672884\"",
            "id": "2826122:verify-il3-laptop-bootstrap",
            "permission": "push",
            "repository": "verify-il3-laptop-bootstrap",
            "team_id": "2826122"
          },
          "depends_on": [
            "data.github_team.push_teams",
            "github_repository.repo"
          ]
        },
        {
          "index_key": 1,
          "schema_version": 0,
          "attributes": {
            "etag": "W/\"0d83e61e39c553301a397b9e02672884\"",
            "id": "2826127:verify-il3-laptop-bootstrap",
            "permission": "push",
            "repository": "verify-il3-laptop-bootstrap",
            "team_id": "2826127"
          },
          "depends_on": [
            "data.github_team.push_teams",
            "github_repository.repo"
          ]
        }
      ]
    },
    {
      "module": "module.repo_verify_event_emitter_loader",
      "mode": "managed",
      "type": "github_team_repository",
      "name": "repo_team_push",
      "each": "list",
      "provider": "provider.github",
      "instances": [
        {
          "index_key": 0,
          "schema_version": 0,
          "attributes": {
            "etag": "W/\"8c2d9e5a9114ede9a74379f0aa889a6d\"",
            "id": "2826122:verify-event-emitter-loader",
            "permission": "push",
            "repository": "verify-event-emitter-loader",
            "team_id": "2826122"
          },
          "depends_on": [
            "data.github_team.push_teams",
            "github_repository.repo"
          ]
        }
      ]
    },
    {
      "module": "module.repo_verify_team_manual",
      "mode": "managed",
      "type": "github_team_repository",
      "name": "repo_team_push",
      "each": "list",
      "provider": "provider.github",
      "instances": [
        {
          "index_key": 0,
          "schema_version": 0,
          "attributes": {
            "etag": "W/\"7338f96f2e09787d8fe3266eca998ee6\"",
            "id": "2826122:verify-team-manual",
            "permission": "push",
            "repository": "verify-team-manual",
            "team_id": "2826122"
          },
          "depends_on": [
            "data.github_team.push_teams",
            "github_repository.repo"
          ]
        },
        {
          "index_key": 1,
          "schema_version": 0,
          "attributes": {
            "etag": "W/\"7338f96f2e09787d8fe3266eca998ee6\"",
            "id": "2826127:verify-team-manual",
            "permission": "push",
            "repository": "verify-team-manual",
            "team_id": "2826127"
          },
          "depends_on": [
            "data.github_team.push_teams",
            "github_repository.repo"
          ]
        }
      ]
    },
    {
      "module": "module.repo_verify_metadata",
      "mode": "managed",
      "type": "github_team_repository",
      "name": "repo_team_push",
      "each": "list",
      "provider": "provider.github",
      "instances": [
        {
          "index_key": 0,
          "schema_version": 0,
          "attributes": {
            "etag": "W/\"d93c080c18ef55a56b20774365747f30\"",
            "id": "2826122:verify-metadata",
            "permission": "push",
            "repository": "verify-metadata",
            "team_id": "2826122"
          },
          "depends_on": [
            "data.github_team.teams",
            "github_repository.repo"
          ]
        }
      ]
    },
    {
      "module": "module.repo_verify_hub",
      "mode": "managed",
      "type": "github_team_repository",
      "name": "repo_team_push",
      "each": "list",
      "provider": "provider.github",
      "instances": [
        {
          "index_key": 0,
          "schema_version": 0,
          "attributes": {
            "etag": "W/\"687d5605417da665a4b095b97ae15586\"",
            "id": "2826122:verify-hub",
            "permission": "push",
            "repository": "verify-hub",
            "team_id": "2826122"
          },
          "depends_on": [
            "data.github_team.teams",
            "github_repository.repo"
          ]
        }
      ]
    },
    {
      "module": "module.repo_verify_acceptance_tests",
      "mode": "managed",
      "type": "github_team_repository",
      "name": "repo_team_push",
      "each": "list",
      "provider": "provider.github",
      "instances": [
        {
          "index_key": 0,
          "schema_version": 0,
          "attributes": {
            "etag": "W/\"b73f79d4b9f4a0ed3f25ac0f3d4a5326\"",
            "id": "2826122:verify-acceptance-tests",
            "permission": "push",
            "repository": "verify-acceptance-tests",
            "team_id": "2826122"
          },
          "depends_on": [
            "data.github_team.teams",
            "github_repository.repo"
          ]
        }
      ]
    },
    {
      "module": "module.repo_verify_rp_environment_config_form",
      "mode": "managed",
      "type": "github_team_repository",
      "name": "repo_team_push",
      "each": "list",
      "provider": "provider.github",
      "instances": [
        {
          "index_key": 0,
          "schema_version": 0,
          "attributes": {
            "etag": "W/\"02d85e5eae60a066da1ea3bfd826a5bc\"",
            "id": "2826122:verify-rp-environment-config-form",
            "permission": "push",
            "repository": "verify-rp-environment-config-form",
            "team_id": "2826122"
          },
          "depends_on": [
            "data.github_team.push_teams",
            "github_repository.repo"
          ]
        }
      ]
    },
    {
      "module": "module.repo_verify_event_infrastructure",
      "mode": "managed",
      "type": "github_team_repository",
      "name": "repo_team_push",
      "each": "list",
      "provider": "provider.github",
      "instances": [
        {
          "index_key": 0,
          "schema_version": 0,
          "attributes": {
            "etag": "W/\"d9d53a17a6e22293d49eadbe83afaad4\"",
            "id": "2826122:verify-event-infrastructure",
            "permission": "push",
            "repository": "verify-event-infrastructure",
            "team_id": "2826122"
          },
          "depends_on": [
            "data.github_team.push_teams",
            "github_repository.repo"
          ]
        },
        {
          "index_key": 1,
          "schema_version": 0,
          "attributes": {
            "etag": "W/\"d9d53a17a6e22293d49eadbe83afaad4\"",
            "id": "2826127:verify-event-infrastructure",
            "permission": "push",
            "repository": "verify-event-infrastructure",
            "team_id": "2826127"
          },
          "depends_on": [
            "data.github_team.push_teams",
            "github_repository.repo"
          ]
        }
      ]
    }
  ]
}
