{
  "version": 4,
  "terraform_version": "0.12.2",
  "serial": 340,
  "lineage": "e05ac5fe-9a52-a058-fa84-c98012a6fa07",
  "outputs": {},
  "resources": [
    {
      "mode": "data",
      "type": "github_team",
      "name": "core",
      "provider": "provider.github",
      "instances": [
        {
          "schema_version": 0,
          "attributes": {
            "description": "Verify tech team: verify-tech-team-core",
            "id": "2826122",
            "members": [
              "idrop",
              "galund",
              "issyl0",
              "mrwilson",
              "philandstuff",
              "chrisholmes",
              "Krenair",
              "thomasalanlee",
              "tlwr",
              "kerrr",
              "instantiator",
              "zilnhoj",
              "Todai88",
              "robinmitra",
              "brenetic",
              "nacnudus",
              "CharlesIC",
              "jkunle",
              "sakisv",
              "ronocg",
              "Rosa-Fox",
              "AnneCarr",
              "ida-build-bot",
              "chrisclayson",
              "blairboy362",
              "Wynndow",
              "andy-paine",
              "tomrosier",
              "bjgill",
              "michaelabenyohai"
            ],
            "name": "verify-tech-team-core",
            "permission": "pull",
            "privacy": "closed",
            "slug": "verify-tech-team-core"
          }
        }
      ]
    },
    {
      "mode": "data",
      "type": "github_team",
      "name": "eidas",
      "provider": "provider.github",
      "instances": [
        {
          "schema_version": 0,
          "attributes": {
            "description": "Verify tech team: verify-tech-team-eidas",
            "id": "2826126",
            "members": [
              "idrop",
              "chrisholmes",
              "thomasalanlee",
              "instantiator",
              "CharlesIC",
              "ida-build-bot",
              "Wynndow",
              "tomrosier",
              "michaelabenyohai",
              "benjamin-mortimer",
              "JHjava",
              "dbes-gds",
              "JohnWattsGDS",
              "ida-codacy-bot"
            ],
            "name": "verify-tech-team-eidas",
            "permission": "pull",
            "privacy": "closed",
            "slug": "verify-tech-team-eidas"
          }
        }
      ]
    },
    {
      "mode": "data",
      "type": "github_team",
      "name": "infrastructure",
      "provider": "provider.github",
      "instances": [
        {
          "schema_version": 0,
          "attributes": {
            "description": "Verify tech team: verify-tech-team-infrastructure",
            "id": "2826127",
            "members": [
              "issyl0",
              "philandstuff",
              "chrisholmes",
              "Krenair",
              "thomasalanlee",
              "tlwr",
              "sakisv",
              "stephengrier",
              "smford",
              "blairboy362",
              "andy-paine",
              "michaelabenyohai",
              "jstandring-gds",
              "adityapahuja",
              "rhowe-gds",
              "poveyd",
              "szd55gds"
            ],
            "name": "verify-tech-team-infrastructure",
            "permission": "pull",
            "privacy": "closed",
            "slug": "verify-tech-team-infrastructure"
          }
        }
      ]
    },
    {
      "module": "module.repo_verify_event_infrastructure",
      "mode": "managed",
      "type": "github_branch_protection",
      "name": "repo_protect_master",
      "each": "list",
      "provider": "provider.github",
      "instances": [
        {
          "index_key": 0,
          "schema_version": 0,
          "attributes": {
            "branch": "master",
            "enforce_admins": false,
            "etag": "W/\"00cd2390049aff3286068c4bf645138a\"",
            "id": "verify-event-infrastructure:master",
            "repository": "verify-event-infrastructure",
            "required_pull_request_reviews": [
              {
                "dismiss_stale_reviews": true,
                "dismissal_teams": null,
                "dismissal_users": null,
                "include_admins": false,
                "require_code_owner_reviews": false,
                "required_approving_review_count": 2
              }
            ],
            "required_status_checks": [
              {
                "contexts": null,
                "include_admins": false,
                "strict": true
              }
            ],
            "restrictions": []
          },
          "private": "bnVsbA==",
          "depends_on": [
            "github_repository.repo"
          ]
        }
      ]
    },
    {
      "module": "module.repo_verify_data_pipeline_config",
      "mode": "managed",
      "type": "github_branch_protection",
      "name": "repo_protect_master",
      "each": "list",
      "provider": "provider.github",
      "instances": [
        {
          "index_key": 0,
          "schema_version": 0,
          "attributes": {
            "branch": "master",
            "enforce_admins": false,
            "etag": "W/\"d4b186e310dff68502467b0a60b22f57\"",
            "id": "verify-data-pipeline-config:master",
            "repository": "verify-data-pipeline-config",
            "required_pull_request_reviews": [
              {
                "dismiss_stale_reviews": true,
                "dismissal_teams": null,
                "dismissal_users": null,
                "include_admins": false,
                "require_code_owner_reviews": false,
                "required_approving_review_count": 2
              }
            ],
            "required_status_checks": [
              {
                "contexts": null,
                "include_admins": false,
                "strict": false
              }
            ],
            "restrictions": []
          },
          "private": "bnVsbA==",
          "depends_on": [
            "github_repository.repo"
          ]
        }
      ]
    },
    {
      "module": "module.repo_ida_compliance_tool",
      "mode": "managed",
      "type": "github_branch_protection",
      "name": "repo_protect_master",
      "each": "list",
      "provider": "provider.github",
      "instances": [
        {
          "index_key": 0,
          "schema_version": 0,
          "attributes": {
            "branch": "master",
            "enforce_admins": false,
            "etag": "W/\"0ccf15f8a99577e82e9b90a42b06dfc8\"",
            "id": "ida-compliance-tool:master",
            "repository": "ida-compliance-tool",
            "required_pull_request_reviews": [
              {
                "dismiss_stale_reviews": true,
                "dismissal_teams": null,
                "dismissal_users": null,
                "include_admins": false,
                "require_code_owner_reviews": false,
                "required_approving_review_count": 2
              }
            ],
            "required_status_checks": [
              {
                "contexts": null,
                "include_admins": false,
                "strict": false
              }
            ],
            "restrictions": []
          },
          "private": "bnVsbA==",
          "depends_on": [
            "github_repository.repo"
          ]
        }
      ]
    },
    {
      "module": "module.repo_verify_packages",
      "mode": "managed",
      "type": "github_branch_protection",
      "name": "repo_protect_master",
      "each": "list",
      "provider": "provider.github",
      "instances": [
        {
          "index_key": 0,
          "schema_version": 0,
          "attributes": {
            "branch": "master",
            "enforce_admins": false,
            "etag": "W/\"8b3c6ae56e4ddb7e278745fc009dc281\"",
            "id": "verify-packages:master",
            "repository": "verify-packages",
            "required_pull_request_reviews": [
              {
                "dismiss_stale_reviews": true,
                "dismissal_teams": null,
                "dismissal_users": null,
                "include_admins": false,
                "require_code_owner_reviews": false,
                "required_approving_review_count": 2
              }
            ],
            "required_status_checks": [
              {
                "contexts": null,
                "include_admins": false,
                "strict": false
              }
            ],
            "restrictions": []
          },
          "private": "bnVsbA==",
          "depends_on": [
            "github_repository.repo"
          ]
        }
      ]
    },
    {
      "module": "module.repo_verify_fabric",
      "mode": "managed",
      "type": "github_branch_protection",
      "name": "repo_protect_master",
      "each": "list",
      "provider": "provider.github",
      "instances": [
        {
          "index_key": 0,
          "schema_version": 0,
          "attributes": {
            "branch": "master",
            "enforce_admins": false,
            "etag": "W/\"a584c4de300677e76ea8e89fff9e1cf1\"",
            "id": "verify-fabric:master",
            "repository": "verify-fabric",
            "required_pull_request_reviews": [
              {
                "dismiss_stale_reviews": true,
                "dismissal_teams": null,
                "dismissal_users": null,
                "include_admins": false,
                "require_code_owner_reviews": false,
                "required_approving_review_count": 2
              }
            ],
            "required_status_checks": [
              {
                "contexts": null,
                "include_admins": false,
                "strict": false
              }
            ],
            "restrictions": []
          },
          "private": "bnVsbA==",
          "depends_on": [
            "github_repository.repo"
          ]
        }
      ]
    },
    {
      "module": "module.repo_dcs_performance_tests",
      "mode": "managed",
      "type": "github_branch_protection",
      "name": "repo_protect_master",
      "each": "list",
      "provider": "provider.github",
      "instances": [
        {
          "index_key": 0,
          "schema_version": 0,
          "attributes": {
            "branch": "master",
            "enforce_admins": false,
            "etag": "W/\"e1fa9ef08b554f6ec9f3a2edae5e33ab\"",
            "id": "dcs-performance-tests:master",
            "repository": "dcs-performance-tests",
            "required_pull_request_reviews": [
              {
                "dismiss_stale_reviews": true,
                "dismissal_teams": null,
                "dismissal_users": null,
                "include_admins": false,
                "require_code_owner_reviews": false,
                "required_approving_review_count": 2
              }
            ],
            "required_status_checks": [
              {
                "contexts": null,
                "include_admins": false,
                "strict": false
              }
            ],
            "restrictions": []
          },
          "private": "bnVsbA==",
          "depends_on": [
            "github_repository.repo"
          ]
        }
      ]
    },
    {
      "module": "module.repo_verify_local_matching_service_example",
      "mode": "managed",
      "type": "github_branch_protection",
      "name": "repo_protect_master",
      "each": "list",
      "provider": "provider.github",
      "instances": [
        {
          "index_key": 0,
          "schema_version": 0,
          "attributes": {
            "branch": "master",
            "enforce_admins": false,
            "etag": "W/\"b246d5250da499c6bdcacb97cc1551eb\"",
            "id": "verify-local-matching-service-example:master",
            "repository": "verify-local-matching-service-example",
            "required_pull_request_reviews": [
              {
                "dismiss_stale_reviews": true,
                "dismissal_teams": null,
                "dismissal_users": null,
                "include_admins": false,
                "require_code_owner_reviews": false,
                "required_approving_review_count": 2
              }
            ],
            "required_status_checks": [
              {
                "contexts": null,
                "include_admins": false,
                "strict": false
              }
            ],
            "restrictions": []
          },
          "private": "bnVsbA==",
          "depends_on": [
            "github_repository.repo"
          ]
        }
      ]
    },
    {
      "module": "module.repo_verify_hub",
      "mode": "managed",
      "type": "github_branch_protection",
      "name": "repo_protect_master",
      "each": "list",
      "provider": "provider.github",
      "instances": [
        {
          "index_key": 0,
          "schema_version": 0,
          "attributes": {
            "branch": "master",
            "enforce_admins": false,
            "etag": "W/\"42335c009543fd76cabe532c11f2716c\"",
            "id": "verify-hub:master",
            "repository": "verify-hub",
            "required_pull_request_reviews": [
              {
                "dismiss_stale_reviews": true,
                "dismissal_teams": null,
                "dismissal_users": null,
                "include_admins": false,
                "require_code_owner_reviews": false,
                "required_approving_review_count": 2
              }
            ],
            "required_status_checks": [
              {
                "contexts": null,
                "include_admins": false,
                "strict": false
              }
            ],
            "restrictions": []
          },
          "private": "bnVsbA==",
          "depends_on": [
            "github_repository.repo"
          ]
        }
      ]
    },
    {
      "module": "module.repo_verify_token_service",
      "mode": "managed",
      "type": "github_branch_protection",
      "name": "repo_protect_master",
      "each": "list",
      "provider": "provider.github",
      "instances": [
        {
          "index_key": 0,
          "schema_version": 0,
          "attributes": {
            "branch": "master",
            "enforce_admins": false,
            "etag": "W/\"4595dbcf8e4ce115d868e37801ee8a5b\"",
            "id": "verify-token-service:master",
            "repository": "verify-token-service",
            "required_pull_request_reviews": [
              {
                "dismiss_stale_reviews": true,
                "dismissal_teams": null,
                "dismissal_users": null,
                "include_admins": false,
                "require_code_owner_reviews": false,
                "required_approving_review_count": 2
              }
            ],
            "required_status_checks": [
              {
                "contexts": null,
                "include_admins": false,
                "strict": false
              }
            ],
            "restrictions": []
          },
          "private": "bnVsbA==",
          "depends_on": [
            "github_repository.repo"
          ]
        }
      ]
    },
    {
      "module": "module.repo_verify_proxy_node_infra",
      "mode": "managed",
      "type": "github_branch_protection",
      "name": "repo_protect_master",
      "each": "list",
      "provider": "provider.github",
      "instances": [
        {
          "index_key": 0,
          "schema_version": 0,
          "attributes": {
            "branch": "master",
            "enforce_admins": false,
            "etag": "W/\"223552574d7ab72a6b5b6fc8e28f1d52\"",
            "id": "verify-proxy-node-infra:master",
            "repository": "verify-proxy-node-infra",
            "required_pull_request_reviews": [
              {
                "dismiss_stale_reviews": true,
                "dismissal_teams": null,
                "dismissal_users": null,
                "include_admins": false,
                "require_code_owner_reviews": false,
                "required_approving_review_count": 2
              }
            ],
            "required_status_checks": [
              {
                "contexts": null,
                "include_admins": false,
                "strict": false
              }
            ],
            "restrictions": []
          },
          "private": "bnVsbA==",
          "depends_on": [
            "github_repository.repo"
          ]
        }
      ]
    },
    {
      "module": "module.repo_ida_hub_support",
      "mode": "managed",
      "type": "github_branch_protection",
      "name": "repo_protect_master",
      "each": "list",
      "provider": "provider.github",
      "instances": [
        {
          "index_key": 0,
          "schema_version": 0,
          "attributes": {
            "branch": "master",
            "enforce_admins": false,
            "etag": "W/\"965d5a79c9f62b63b8df8b369af77c43\"",
            "id": "ida-hub-support:master",
            "repository": "ida-hub-support",
            "required_pull_request_reviews": [
              {
                "dismiss_stale_reviews": true,
                "dismissal_teams": null,
                "dismissal_users": null,
                "include_admins": false,
                "require_code_owner_reviews": false,
                "required_approving_review_count": 2
              }
            ],
            "required_status_checks": [
              {
                "contexts": null,
                "include_admins": false,
                "strict": false
              }
            ],
            "restrictions": []
          },
          "private": "bnVsbA==",
          "depends_on": [
            "github_repository.repo"
          ]
        }
      ]
    },
    {
      "module": "module.repo_verify_release_automation",
      "mode": "managed",
      "type": "github_branch_protection",
      "name": "repo_protect_master",
      "each": "list",
      "provider": "provider.github",
      "instances": [
        {
          "index_key": 0,
          "schema_version": 0,
          "attributes": {
            "branch": "master",
            "enforce_admins": false,
            "etag": "W/\"2945da2640e77ca9184d84a0b81c6cd1\"",
            "id": "verify-release-automation:master",
            "repository": "verify-release-automation",
            "required_pull_request_reviews": [
              {
                "dismiss_stale_reviews": true,
                "dismissal_teams": null,
                "dismissal_users": null,
                "include_admins": false,
                "require_code_owner_reviews": false,
                "required_approving_review_count": 2
              }
            ],
            "required_status_checks": [
              {
                "contexts": null,
                "include_admins": false,
                "strict": false
              }
            ],
            "restrictions": []
          },
          "private": "bnVsbA==",
          "depends_on": [
            "github_repository.repo"
          ]
        }
      ]
    },
    {
      "module": "module.repo_verify_utils_libs",
      "mode": "managed",
      "type": "github_branch_protection",
      "name": "repo_protect_master",
      "each": "list",
      "provider": "provider.github",
      "instances": [
        {
          "index_key": 0,
          "schema_version": 0,
          "attributes": {
            "branch": "master",
            "enforce_admins": false,
            "etag": "W/\"838249c1ddec61f7780837c6a58bdd82\"",
            "id": "verify-utils-libs:master",
            "repository": "verify-utils-libs",
            "required_pull_request_reviews": [
              {
                "dismiss_stale_reviews": true,
                "dismissal_teams": null,
                "dismissal_users": null,
                "include_admins": false,
                "require_code_owner_reviews": false,
                "required_approving_review_count": 2
              }
            ],
            "required_status_checks": [
              {
                "contexts": null,
                "include_admins": false,
                "strict": false
              }
            ],
            "restrictions": []
          },
          "private": "bnVsbA==",
          "depends_on": [
            "github_repository.repo"
          ]
        }
      ]
    },
    {
      "module": "module.repo_verify_support_form",
      "mode": "managed",
      "type": "github_branch_protection",
      "name": "repo_protect_master",
      "each": "list",
      "provider": "provider.github",
      "instances": [
        {
          "index_key": 0,
          "schema_version": 0,
          "attributes": {
            "branch": "master",
            "enforce_admins": false,
            "etag": "W/\"03b5e363f5103b783b15f20d6e4eb121\"",
            "id": "verify-support-form:master",
            "repository": "verify-support-form",
            "required_pull_request_reviews": [
              {
                "dismiss_stale_reviews": true,
                "dismissal_teams": null,
                "dismissal_users": null,
                "include_admins": false,
                "require_code_owner_reviews": false,
                "required_approving_review_count": 2
              }
            ],
            "required_status_checks": [
              {
                "contexts": null,
                "include_admins": false,
                "strict": false
              }
            ],
            "restrictions": []
          },
          "private": "bnVsbA==",
          "depends_on": [
            "github_repository.repo"
          ]
        }
      ]
    },
    {
      "module": "module.repo_verify_architecture",
      "mode": "managed",
      "type": "github_branch_protection",
      "name": "repo_protect_master",
      "each": "list",
      "provider": "provider.github",
      "instances": [
        {
          "index_key": 0,
          "schema_version": 0,
          "attributes": {
            "branch": "master",
            "enforce_admins": false,
            "etag": "W/\"ab38a202a94cc17d52f4eb54429050a0\"",
            "id": "verify-architecture:master",
            "repository": "verify-architecture",
            "required_pull_request_reviews": [
              {
                "dismiss_stale_reviews": true,
                "dismissal_teams": null,
                "dismissal_users": null,
                "include_admins": false,
                "require_code_owner_reviews": false,
                "required_approving_review_count": 2
              }
            ],
            "required_status_checks": [
              {
                "contexts": null,
                "include_admins": false,
                "strict": false
              }
            ],
            "restrictions": []
          },
          "private": "bnVsbA==",
          "depends_on": [
            "github_repository.repo"
          ]
        }
      ]
    },
    {
      "module": "module.repo_verify_test_rp",
      "mode": "managed",
      "type": "github_branch_protection",
      "name": "repo_protect_master",
      "each": "list",
      "provider": "provider.github",
      "instances": [
        {
          "index_key": 0,
          "schema_version": 0,
          "attributes": {
            "branch": "master",
            "enforce_admins": false,
            "etag": "W/\"a78b2a243f831fb246e5845edf2c647b\"",
            "id": "verify-test-rp:master",
            "repository": "verify-test-rp",
            "required_pull_request_reviews": [
              {
                "dismiss_stale_reviews": true,
                "dismissal_teams": null,
                "dismissal_users": null,
                "include_admins": false,
                "require_code_owner_reviews": false,
                "required_approving_review_count": 2
              }
            ],
            "required_status_checks": [
              {
                "contexts": null,
                "include_admins": false,
                "strict": false
              }
            ],
            "restrictions": []
          },
          "private": "bnVsbA==",
          "depends_on": [
            "github_repository.repo"
          ]
        }
      ]
    },
    {
      "module": "module.repo_passport_verify_stub_relying_party",
      "mode": "managed",
      "type": "github_branch_protection",
      "name": "repo_protect_master",
      "each": "list",
      "provider": "provider.github",
      "instances": [
        {
          "index_key": 0,
          "schema_version": 0,
          "attributes": {
            "branch": "master",
            "enforce_admins": false,
            "etag": "W/\"84a1946d04a1e064e59c685145c80232\"",
            "id": "passport-verify-stub-relying-party:master",
            "repository": "passport-verify-stub-relying-party",
            "required_pull_request_reviews": [
              {
                "dismiss_stale_reviews": true,
                "dismissal_teams": null,
                "dismissal_users": null,
                "include_admins": false,
                "require_code_owner_reviews": false,
                "required_approving_review_count": 2
              }
            ],
            "required_status_checks": [
              {
                "contexts": null,
                "include_admins": false,
                "strict": false
              }
            ],
            "restrictions": []
          },
          "private": "bnVsbA==",
          "depends_on": [
            "github_repository.repo"
          ]
        }
      ]
    },
    {
      "module": "module.repo_verify_data_pipeline",
      "mode": "managed",
      "type": "github_branch_protection",
      "name": "repo_protect_master",
      "each": "list",
      "provider": "provider.github",
      "instances": [
        {
          "index_key": 0,
          "schema_version": 0,
          "attributes": {
            "branch": "master",
            "enforce_admins": false,
            "etag": "W/\"c23acc3fc67703e60a39badbf5aee584\"",
            "id": "verify-data-pipeline:master",
            "repository": "verify-data-pipeline",
            "required_pull_request_reviews": [
              {
                "dismiss_stale_reviews": true,
                "dismissal_teams": null,
                "dismissal_users": null,
                "include_admins": false,
                "require_code_owner_reviews": false,
                "required_approving_review_count": 2
              }
            ],
            "required_status_checks": [
              {
                "contexts": null,
                "include_admins": false,
                "strict": false
              }
            ],
            "restrictions": []
          },
          "private": "bnVsbA==",
          "depends_on": [
            "github_repository.repo"
          ]
        }
      ]
    },
    {
      "module": "module.repo_verify_hub_federation_config",
      "mode": "managed",
      "type": "github_branch_protection",
      "name": "repo_protect_master",
      "each": "list",
      "provider": "provider.github",
      "instances": [
        {
          "index_key": 0,
          "schema_version": 0,
          "attributes": {
            "branch": "master",
            "enforce_admins": false,
            "etag": "W/\"d36a07db6d0615c8e0749e91404740a1\"",
            "id": "verify-hub-federation-config:master",
            "repository": "verify-hub-federation-config",
            "required_pull_request_reviews": [
              {
                "dismiss_stale_reviews": true,
                "dismissal_teams": null,
                "dismissal_users": null,
                "include_admins": false,
                "require_code_owner_reviews": false,
                "required_approving_review_count": 2
              }
            ],
            "required_status_checks": [
              {
                "contexts": null,
                "include_admins": false,
                "strict": false
              }
            ],
            "restrictions": []
          },
          "private": "bnVsbA==",
          "depends_on": [
            "github_repository.repo"
          ]
        }
      ]
    },
    {
      "module": "module.repo_verify_dashing",
      "mode": "managed",
      "type": "github_branch_protection",
      "name": "repo_protect_master",
      "each": "list",
      "provider": "provider.github",
      "instances": []
    },
    {
      "module": "module.repo_verify_event_system_alarm_notifier",
      "mode": "managed",
      "type": "github_branch_protection",
      "name": "repo_protect_master",
      "each": "list",
      "provider": "provider.github",
      "instances": [
        {
          "index_key": 0,
          "schema_version": 0,
          "attributes": {
            "branch": "master",
            "enforce_admins": false,
            "etag": "W/\"fbb2ca68258ec6bca2f21bf9aa886b5e\"",
            "id": "verify-event-system-alarm-notifier:master",
            "repository": "verify-event-system-alarm-notifier",
            "required_pull_request_reviews": [
              {
                "dismiss_stale_reviews": true,
                "dismissal_teams": null,
                "dismissal_users": null,
                "include_admins": false,
                "require_code_owner_reviews": false,
                "required_approving_review_count": 2
              }
            ],
            "required_status_checks": [
              {
                "contexts": null,
                "include_admins": false,
                "strict": false
              }
            ],
            "restrictions": []
          },
          "private": "bnVsbA==",
          "depends_on": [
            "github_repository.repo"
          ]
        }
      ]
    },
    {
      "module": "module.repo_verify_local_startup",
      "mode": "managed",
      "type": "github_branch_protection",
      "name": "repo_protect_master",
      "each": "list",
      "provider": "provider.github",
      "instances": [
        {
          "index_key": 0,
          "schema_version": 0,
          "attributes": {
            "branch": "master",
            "enforce_admins": false,
            "etag": "W/\"06162c4cb5e73074fb01ada812e4cff9\"",
            "id": "verify-local-startup:master",
            "repository": "verify-local-startup",
            "required_pull_request_reviews": [
              {
                "dismiss_stale_reviews": true,
                "dismissal_teams": null,
                "dismissal_users": null,
                "include_admins": false,
                "require_code_owner_reviews": false,
                "required_approving_review_count": 2
              }
            ],
            "required_status_checks": [
              {
                "contexts": null,
                "include_admins": false,
                "strict": false
              }
            ],
            "restrictions": []
          },
          "private": "bnVsbA==",
          "depends_on": [
            "github_repository.repo"
          ]
        }
      ]
    },
    {
      "module": "module.repo_verify_metadata",
      "mode": "managed",
      "type": "github_branch_protection",
      "name": "repo_protect_master",
      "each": "list",
      "provider": "provider.github",
      "instances": [
        {
          "index_key": 0,
          "schema_version": 0,
          "attributes": {
            "branch": "master",
            "enforce_admins": false,
            "etag": "W/\"8ab7fe690313fb1d9adfd6bbc485712a\"",
            "id": "verify-metadata:master",
            "repository": "verify-metadata",
            "required_pull_request_reviews": [
              {
                "dismiss_stale_reviews": true,
                "dismissal_teams": null,
                "dismissal_users": null,
                "include_admins": false,
                "require_code_owner_reviews": false,
                "required_approving_review_count": 2
              }
            ],
            "required_status_checks": [
              {
                "contexts": null,
                "include_admins": false,
                "strict": false
              }
            ],
            "restrictions": []
          },
          "private": "bnVsbA==",
          "depends_on": [
            "github_repository.repo"
          ]
        }
      ]
    },
    {
      "module": "module.repo_verify_frontend_federation_config",
      "mode": "managed",
      "type": "github_branch_protection",
      "name": "repo_protect_master",
      "each": "list",
      "provider": "provider.github",
      "instances": [
        {
          "index_key": 0,
          "schema_version": 0,
          "attributes": {
            "branch": "master",
            "enforce_admins": false,
            "etag": "W/\"1217a1bbf8f10f98172237f3f5659d5b\"",
            "id": "verify-frontend-federation-config:master",
            "repository": "verify-frontend-federation-config",
            "required_pull_request_reviews": [
              {
                "dismiss_stale_reviews": true,
                "dismissal_teams": null,
                "dismissal_users": null,
                "include_admins": false,
                "require_code_owner_reviews": false,
                "required_approving_review_count": 2
              }
            ],
            "required_status_checks": [
              {
                "contexts": null,
                "include_admins": false,
                "strict": false
              }
            ],
            "restrictions": []
          },
          "private": "bnVsbA==",
          "depends_on": [
            "github_repository.repo"
          ]
        }
      ]
    },
    {
      "module": "module.repo_verify_boxes",
      "mode": "managed",
      "type": "github_branch_protection",
      "name": "repo_protect_master",
      "each": "list",
      "provider": "provider.github",
      "instances": [
        {
          "index_key": 0,
          "schema_version": 0,
          "attributes": {
            "branch": "master",
            "enforce_admins": false,
            "etag": "W/\"2c74138b3892aa8382ab872dfca76308\"",
            "id": "verify-boxes:master",
            "repository": "verify-boxes",
            "required_pull_request_reviews": [
              {
                "dismiss_stale_reviews": true,
                "dismissal_teams": null,
                "dismissal_users": null,
                "include_admins": false,
                "require_code_owner_reviews": false,
                "required_approving_review_count": 2
              }
            ],
            "required_status_checks": [
              {
                "contexts": null,
                "include_admins": false,
                "strict": false
              }
            ],
            "restrictions": []
          },
          "private": "bnVsbA==",
          "depends_on": [
            "github_repository.repo"
          ]
        }
      ]
    },
    {
      "module": "module.repo_verify_saml_libs",
      "mode": "managed",
      "type": "github_branch_protection",
      "name": "repo_protect_master",
      "each": "list",
      "provider": "provider.github",
      "instances": [
        {
          "index_key": 0,
          "schema_version": 0,
          "attributes": {
            "branch": "master",
            "enforce_admins": false,
            "etag": "W/\"f8e3dfb7608a5e91dd6b76e9a0aba3ad\"",
            "id": "verify-saml-libs:master",
            "repository": "verify-saml-libs",
            "required_pull_request_reviews": [
              {
                "dismiss_stale_reviews": true,
                "dismissal_teams": null,
                "dismissal_users": null,
                "include_admins": false,
                "require_code_owner_reviews": false,
                "required_approving_review_count": 2
              }
            ],
            "required_status_checks": [
              {
                "contexts": null,
                "include_admins": false,
                "strict": false
              }
            ],
            "restrictions": []
          },
          "private": "bnVsbA==",
          "depends_on": [
            "github_repository.repo"
          ]
        }
      ]
    },
    {
      "module": "module.repo_verify_german_eidas_middleware",
      "mode": "managed",
      "type": "github_branch_protection",
      "name": "repo_protect_master",
      "each": "list",
      "provider": "provider.github",
      "instances": [
        {
          "index_key": 0,
          "schema_version": 0,
          "attributes": {
            "branch": "master",
            "enforce_admins": false,
            "etag": "W/\"94e321b5183e149b5169e70e6d8bd4ed\"",
            "id": "verify-german-eidas-middleware:master",
            "repository": "verify-german-eidas-middleware",
            "required_pull_request_reviews": [
              {
                "dismiss_stale_reviews": true,
                "dismissal_teams": null,
                "dismissal_users": null,
                "include_admins": false,
                "require_code_owner_reviews": false,
                "required_approving_review_count": 2
              }
            ],
            "required_status_checks": [
              {
                "contexts": null,
                "include_admins": false,
                "strict": false
              }
            ],
            "restrictions": []
          },
          "private": "bnVsbA==",
          "depends_on": [
            "github_repository.repo"
          ]
        }
      ]
    },
    {
      "module": "module.repo_verify_tech_team",
      "mode": "managed",
      "type": "github_branch_protection",
      "name": "repo_protect_master",
      "each": "list",
      "provider": "provider.github",
      "instances": [
        {
          "index_key": 0,
          "schema_version": 0,
          "attributes": {
            "branch": "master",
            "enforce_admins": false,
            "etag": "W/\"dad6c1a530dc537f8851d7bfe70c203b\"",
            "id": "verify-tech-team:master",
            "repository": "verify-tech-team",
            "required_pull_request_reviews": [
              {
                "dismiss_stale_reviews": true,
                "dismissal_teams": null,
                "dismissal_users": null,
                "include_admins": false,
                "require_code_owner_reviews": false,
                "required_approving_review_count": 2
              }
            ],
            "required_status_checks": [
              {
                "contexts": null,
                "include_admins": false,
                "strict": false
              }
            ],
            "restrictions": []
          },
          "private": "bnVsbA==",
          "depends_on": [
            "github_repository.repo"
          ]
        }
      ]
    },
    {
      "module": "module.repo_verify_self_service_infrastructure",
      "mode": "managed",
      "type": "github_branch_protection",
      "name": "repo_protect_master",
      "each": "list",
      "provider": "provider.github",
      "instances": [
        {
          "index_key": 0,
          "schema_version": 0,
          "attributes": {
            "branch": "master",
            "enforce_admins": false,
            "etag": "W/\"d741df318bbbbfdb181c931f1c640bfb\"",
            "id": "verify-self-service-infrastructure:master",
            "repository": "verify-self-service-infrastructure",
            "required_pull_request_reviews": [
              {
                "dismiss_stale_reviews": true,
                "dismissal_teams": null,
                "dismissal_users": null,
                "include_admins": false,
                "require_code_owner_reviews": false,
                "required_approving_review_count": 2
              }
            ],
            "required_status_checks": [
              {
                "contexts": null,
                "include_admins": false,
                "strict": false
              }
            ],
            "restrictions": []
          },
          "private": "bnVsbA==",
          "depends_on": [
            "github_repository.repo"
          ]
        }
      ]
    },
    {
      "module": "module.repo_verify_stub_idp_federation_config",
      "mode": "managed",
      "type": "github_branch_protection",
      "name": "repo_protect_master",
      "each": "list",
      "provider": "provider.github",
      "instances": [
        {
          "index_key": 0,
          "schema_version": 0,
          "attributes": {
            "branch": "master",
            "enforce_admins": false,
            "etag": "W/\"e0f3003755309e68c3c506847b2a3879\"",
            "id": "verify-stub-idp-federation-config:master",
            "repository": "verify-stub-idp-federation-config",
            "required_pull_request_reviews": [
              {
                "dismiss_stale_reviews": true,
                "dismissal_teams": null,
                "dismissal_users": null,
                "include_admins": false,
                "require_code_owner_reviews": false,
                "required_approving_review_count": 2
              }
            ],
            "required_status_checks": [
              {
                "contexts": null,
                "include_admins": false,
                "strict": false
              }
            ],
            "restrictions": []
          },
          "private": "bnVsbA==",
          "depends_on": [
            "github_repository.repo"
          ]
        }
      ]
    },
    {
      "module": "module.repo_verify_eidas_mw_run",
      "mode": "managed",
      "type": "github_branch_protection",
      "name": "repo_protect_master",
      "each": "list",
      "provider": "provider.github",
      "instances": [
        {
          "index_key": 0,
          "schema_version": 0,
          "attributes": {
            "branch": "master",
            "enforce_admins": false,
            "etag": "W/\"bcbcd81cbaed64cfef1ebc92557af1ba\"",
            "id": "verify-eidas-mw-run:master",
            "repository": "verify-eidas-mw-run",
            "required_pull_request_reviews": [
              {
                "dismiss_stale_reviews": true,
                "dismissal_teams": null,
                "dismissal_users": null,
                "include_admins": false,
                "require_code_owner_reviews": false,
                "required_approving_review_count": 2
              }
            ],
            "required_status_checks": [
              {
                "contexts": null,
                "include_admins": false,
                "strict": false
              }
            ],
            "restrictions": []
          },
          "private": "bnVsbA==",
          "depends_on": [
            "github_repository.repo"
          ]
        }
      ]
    },
    {
      "module": "module.repo_verify_matching_service_adapter",
      "mode": "managed",
      "type": "github_branch_protection",
      "name": "repo_protect_master",
      "each": "list",
      "provider": "provider.github",
      "instances": [
        {
          "index_key": 0,
          "schema_version": 0,
          "attributes": {
            "branch": "master",
            "enforce_admins": false,
            "etag": "W/\"e2d53f23ee697b3ba05be2b9f568f22c\"",
            "id": "verify-matching-service-adapter:master",
            "repository": "verify-matching-service-adapter",
            "required_pull_request_reviews": [
              {
                "dismiss_stale_reviews": true,
                "dismissal_teams": null,
                "dismissal_users": null,
                "include_admins": false,
                "require_code_owner_reviews": false,
                "required_approving_review_count": 2
              }
            ],
            "required_status_checks": [
              {
                "contexts": null,
                "include_admins": false,
                "strict": false
              }
            ],
            "restrictions": []
          },
          "private": "bnVsbA==",
          "depends_on": [
            "github_repository.repo"
          ]
        }
      ]
    },
    {
      "module": "module.repo_verify_blackbox_passwords",
      "mode": "managed",
      "type": "github_branch_protection",
      "name": "repo_protect_master",
      "each": "list",
      "provider": "provider.github",
      "instances": []
    },
    {
      "module": "module.repo_ida_hub_acceptance_tests",
      "mode": "managed",
      "type": "github_branch_protection",
      "name": "repo_protect_master",
      "each": "list",
      "provider": "provider.github",
      "instances": [
        {
          "index_key": 0,
          "schema_version": 0,
          "attributes": {
            "branch": "master",
            "enforce_admins": false,
            "etag": "W/\"67c22c2489325d39936bb499c13dceaf\"",
            "id": "ida-hub-acceptance-tests:master",
            "repository": "ida-hub-acceptance-tests",
            "required_pull_request_reviews": [
              {
                "dismiss_stale_reviews": true,
                "dismissal_teams": null,
                "dismissal_users": null,
                "include_admins": false,
                "require_code_owner_reviews": false,
                "required_approving_review_count": 2
              }
            ],
            "required_status_checks": [
              {
                "contexts": null,
                "include_admins": false,
                "strict": false
              }
            ],
            "restrictions": []
          },
          "private": "bnVsbA==",
          "depends_on": [
            "github_repository.repo"
          ]
        }
      ]
    },
    {
      "module": "module.repo_verify_eidas_metadata_aggregator",
      "mode": "managed",
      "type": "github_branch_protection",
      "name": "repo_protect_master",
      "each": "list",
      "provider": "provider.github",
      "instances": [
        {
          "index_key": 0,
          "schema_version": 0,
          "attributes": {
            "branch": "master",
            "enforce_admins": false,
            "etag": "W/\"5f54a0a1911e76792c0e375b8517a99b\"",
            "id": "verify-eidas-metadata-aggregator:master",
            "repository": "verify-eidas-metadata-aggregator",
            "required_pull_request_reviews": [
              {
                "dismiss_stale_reviews": true,
                "dismissal_teams": null,
                "dismissal_users": null,
                "include_admins": false,
                "require_code_owner_reviews": false,
                "required_approving_review_count": 2
              }
            ],
            "required_status_checks": [
              {
                "contexts": null,
                "include_admins": false,
                "strict": false
              }
            ],
            "restrictions": []
          },
          "private": "bnVsbA==",
          "depends_on": [
            "github_repository.repo"
          ]
        }
      ]
    },
    {
      "module": "module.repo_verify_proxy_node",
      "mode": "managed",
      "type": "github_branch_protection",
      "name": "repo_protect_master",
      "each": "list",
      "provider": "provider.github",
      "instances": [
        {
          "index_key": 0,
          "schema_version": 0,
          "attributes": {
            "branch": "master",
            "enforce_admins": false,
            "etag": "W/\"8ddbe2259e99bf3530d96905bbaa038f\"",
            "id": "verify-proxy-node:master",
            "repository": "verify-proxy-node",
            "required_pull_request_reviews": [
              {
                "dismiss_stale_reviews": true,
                "dismissal_teams": null,
                "dismissal_users": null,
                "include_admins": false,
                "require_code_owner_reviews": false,
                "required_approving_review_count": 2
              }
            ],
            "required_status_checks": [
              {
                "contexts": null,
                "include_admins": false,
                "strict": false
              }
            ],
            "restrictions": []
          },
          "private": "bnVsbA==",
          "depends_on": [
            "github_repository.repo"
          ]
        }
      ]
    },
    {
      "module": "module.repo_verify_event_recorder_service",
      "mode": "managed",
      "type": "github_branch_protection",
      "name": "repo_protect_master",
      "each": "list",
      "provider": "provider.github",
      "instances": [
        {
          "index_key": 0,
          "schema_version": 0,
          "attributes": {
            "branch": "master",
            "enforce_admins": false,
            "etag": "W/\"d045c0b92876f8df331a16b5501610f3\"",
            "id": "verify-event-recorder-service:master",
            "repository": "verify-event-recorder-service",
            "required_pull_request_reviews": [
              {
                "dismiss_stale_reviews": true,
                "dismissal_teams": null,
                "dismissal_users": null,
                "include_admins": false,
                "require_code_owner_reviews": false,
                "required_approving_review_count": 2
              }
            ],
            "required_status_checks": [
              {
                "contexts": null,
                "include_admins": false,
                "strict": false
              }
            ],
            "restrictions": []
          },
          "private": "bnVsbA==",
          "depends_on": [
            "github_repository.repo"
          ]
        }
      ]
    },
    {
      "module": "module.repo_verify_build_scripts",
      "mode": "managed",
      "type": "github_branch_protection",
      "name": "repo_protect_master",
      "each": "list",
      "provider": "provider.github",
      "instances": [
        {
          "index_key": 0,
          "schema_version": 0,
          "attributes": {
            "branch": "master",
            "enforce_admins": false,
            "etag": "W/\"421b922173528c62cdebf34225dd66f3\"",
            "id": "verify-build-scripts:master",
            "repository": "verify-build-scripts",
            "required_pull_request_reviews": [
              {
                "dismiss_stale_reviews": true,
                "dismissal_teams": null,
                "dismissal_users": null,
                "include_admins": false,
                "require_code_owner_reviews": false,
                "required_approving_review_count": 2
              }
            ],
            "required_status_checks": [
              {
                "contexts": null,
                "include_admins": false,
                "strict": false
              }
            ],
            "restrictions": []
          },
          "private": "bnVsbA==",
          "depends_on": [
            "github_repository.repo"
          ]
        }
      ]
    },
    {
      "module": "module.repo_verify_eidas_mw_config_generator",
      "mode": "managed",
      "type": "github_branch_protection",
      "name": "repo_protect_master",
      "each": "list",
      "provider": "provider.github",
      "instances": [
        {
          "index_key": 0,
          "schema_version": 0,
          "attributes": {
            "branch": "master",
            "enforce_admins": false,
            "etag": "W/\"c548ccde62af2fed5cb5abbeaf72e434\"",
            "id": "verify-eidas-mw-config-generator:master",
            "repository": "verify-eidas-mw-config-generator",
            "required_pull_request_reviews": [
              {
                "dismiss_stale_reviews": true,
                "dismissal_teams": null,
                "dismissal_users": null,
                "include_admins": false,
                "require_code_owner_reviews": false,
                "required_approving_review_count": 2
              }
            ],
            "required_status_checks": [
              {
                "contexts": null,
                "include_admins": false,
                "strict": false
              }
            ],
            "restrictions": []
          },
          "private": "bnVsbA==",
          "depends_on": [
            "github_repository.repo"
          ]
        }
      ]
    },
    {
      "module": "module.repo_verify_stub_idp",
      "mode": "managed",
      "type": "github_branch_protection",
      "name": "repo_protect_master",
      "each": "list",
      "provider": "provider.github",
      "instances": [
        {
          "index_key": 0,
          "schema_version": 0,
          "attributes": {
            "branch": "master",
            "enforce_admins": false,
            "etag": "W/\"184261f180a206b9d770ea87f434c023\"",
            "id": "verify-stub-idp:master",
            "repository": "verify-stub-idp",
            "required_pull_request_reviews": [
              {
                "dismiss_stale_reviews": true,
                "dismissal_teams": null,
                "dismissal_users": null,
                "include_admins": false,
                "require_code_owner_reviews": false,
                "required_approving_review_count": 2
              }
            ],
            "required_status_checks": [
              {
                "contexts": null,
                "include_admins": false,
                "strict": false
              }
            ],
            "restrictions": []
          },
          "private": "bnVsbA==",
          "depends_on": [
            "github_repository.repo"
          ]
        }
      ]
    },
    {
      "module": "module.repo_verify_team_manual",
      "mode": "managed",
      "type": "github_branch_protection",
      "name": "repo_protect_master",
      "each": "list",
      "provider": "provider.github",
      "instances": [
        {
          "index_key": 0,
          "schema_version": 0,
          "attributes": {
            "branch": "master",
            "enforce_admins": false,
            "etag": "W/\"73d2612be92ca2e183413f319205fb55\"",
            "id": "verify-team-manual:master",
            "repository": "verify-team-manual",
            "required_pull_request_reviews": [
              {
                "dismiss_stale_reviews": true,
                "dismissal_teams": null,
                "dismissal_users": null,
                "include_admins": false,
                "require_code_owner_reviews": false,
                "required_approving_review_count": 2
              }
            ],
            "required_status_checks": [
              {
                "contexts": null,
                "include_admins": false,
                "strict": false
              }
            ],
            "restrictions": []
          },
          "private": "bnVsbA==",
          "depends_on": [
            "github_repository.repo"
          ]
        }
      ]
    },
    {
      "module": "module.repo_verify_jenkins_job_builder",
      "mode": "managed",
      "type": "github_branch_protection",
      "name": "repo_protect_master",
      "each": "list",
      "provider": "provider.github",
      "instances": [
        {
          "index_key": 0,
          "schema_version": 0,
          "attributes": {
            "branch": "master",
            "enforce_admins": false,
            "etag": "W/\"4f56333177ddcadab9abd76ec9f8568a\"",
            "id": "verify-jenkins-job-builder:master",
            "repository": "verify-jenkins-job-builder",
            "required_pull_request_reviews": [
              {
                "dismiss_stale_reviews": true,
                "dismissal_teams": null,
                "dismissal_users": null,
                "include_admins": false,
                "require_code_owner_reviews": false,
                "required_approving_review_count": 2
              }
            ],
            "required_status_checks": [
              {
                "contexts": null,
                "include_admins": false,
                "strict": false
              }
            ],
            "restrictions": []
          },
          "private": "bnVsbA==",
          "depends_on": [
            "github_repository.repo"
          ]
        }
      ]
    },
    {
      "module": "module.repo_verify_eidas_trust_anchor",
      "mode": "managed",
      "type": "github_branch_protection",
      "name": "repo_protect_master",
      "each": "list",
      "provider": "provider.github",
      "instances": [
        {
          "index_key": 0,
          "schema_version": 0,
          "attributes": {
            "branch": "master",
            "enforce_admins": false,
            "etag": "W/\"fba06266f40a4e6e1e917f266fb9cdd7\"",
            "id": "verify-eidas-trust-anchor:master",
            "repository": "verify-eidas-trust-anchor",
            "required_pull_request_reviews": [
              {
                "dismiss_stale_reviews": true,
                "dismissal_teams": null,
                "dismissal_users": null,
                "include_admins": false,
                "require_code_owner_reviews": false,
                "required_approving_review_count": 2
              }
            ],
            "required_status_checks": [
              {
                "contexts": null,
                "include_admins": false,
                "strict": false
              }
            ],
            "restrictions": []
          },
          "private": "bnVsbA==",
          "depends_on": [
            "github_repository.repo"
          ]
        }
      ]
    },
    {
      "module": "module.repo_verify_infrastructure_config",
      "mode": "managed",
      "type": "github_branch_protection",
      "name": "repo_protect_master",
      "each": "list",
      "provider": "provider.github",
      "instances": [
        {
          "index_key": 0,
          "schema_version": 0,
          "attributes": {
            "branch": "master",
            "enforce_admins": false,
            "etag": "W/\"4db7af9643daf8c9e332bee5b323c2ab\"",
            "id": "verify-infrastructure-config:master",
            "repository": "verify-infrastructure-config",
            "required_pull_request_reviews": [
              {
                "dismiss_stale_reviews": true,
                "dismissal_teams": null,
                "dismissal_users": null,
                "include_admins": false,
                "require_code_owner_reviews": false,
                "required_approving_review_count": 2
              }
            ],
            "required_status_checks": [
              {
                "contexts": null,
                "include_admins": false,
                "strict": false
              }
            ],
            "restrictions": []
          },
          "private": "bnVsbA==",
          "depends_on": [
            "github_repository.repo"
          ]
        }
      ]
    },
    {
      "module": "module.repo_ida_performance_tests",
      "mode": "managed",
      "type": "github_branch_protection",
      "name": "repo_protect_master",
      "each": "list",
      "provider": "provider.github",
      "instances": [
        {
          "index_key": 0,
          "schema_version": 0,
          "attributes": {
            "branch": "master",
            "enforce_admins": false,
            "etag": "W/\"0527735356a61b163b0410c146c0a60f\"",
            "id": "ida-performance-tests:master",
            "repository": "ida-performance-tests",
            "required_pull_request_reviews": [
              {
                "dismiss_stale_reviews": true,
                "dismissal_teams": null,
                "dismissal_users": null,
                "include_admins": false,
                "require_code_owner_reviews": false,
                "required_approving_review_count": 2
              }
            ],
            "required_status_checks": [
              {
                "contexts": null,
                "include_admins": false,
                "strict": false
              }
            ],
            "restrictions": []
          },
          "private": "bnVsbA==",
          "depends_on": [
            "github_repository.repo"
          ]
        }
      ]
    },
    {
      "module": "module.repo_verify_event_emitter",
      "mode": "managed",
      "type": "github_branch_protection",
      "name": "repo_protect_master",
      "each": "list",
      "provider": "provider.github",
      "instances": [
        {
          "index_key": 0,
          "schema_version": 0,
          "attributes": {
            "branch": "master",
            "enforce_admins": false,
            "etag": "W/\"35a9bbf24e6de124f590881cb328211c\"",
            "id": "verify-event-emitter:master",
            "repository": "verify-event-emitter",
            "required_pull_request_reviews": [
              {
                "dismiss_stale_reviews": true,
                "dismissal_teams": null,
                "dismissal_users": null,
                "include_admins": false,
                "require_code_owner_reviews": false,
                "required_approving_review_count": 2
              }
            ],
            "required_status_checks": [
              {
                "contexts": null,
                "include_admins": false,
                "strict": false
              }
            ],
            "restrictions": []
          },
          "private": "bnVsbA==",
          "depends_on": [
            "github_repository.repo"
          ]
        }
      ]
    },
    {
      "module": "module.repo_verify_product_page",
      "mode": "managed",
      "type": "github_branch_protection",
      "name": "repo_protect_master",
      "each": "list",
      "provider": "provider.github",
      "instances": [
        {
          "index_key": 0,
          "schema_version": 0,
          "attributes": {
            "branch": "master",
            "enforce_admins": false,
            "etag": "W/\"6522a07ca54c3ab952c31f94eb094f9b\"",
            "id": "verify-product-page:master",
            "repository": "verify-product-page",
            "required_pull_request_reviews": [
              {
                "dismiss_stale_reviews": true,
                "dismissal_teams": null,
                "dismissal_users": null,
                "include_admins": false,
                "require_code_owner_reviews": false,
                "required_approving_review_count": 2
              }
            ],
            "required_status_checks": [
              {
                "contexts": null,
                "include_admins": false,
                "strict": false
              }
            ],
            "restrictions": []
          },
          "private": "bnVsbA==",
          "depends_on": [
            "github_repository.repo"
          ]
        }
      ]
    },
    {
      "module": "module.repo_passport_verify",
      "mode": "managed",
      "type": "github_branch_protection",
      "name": "repo_protect_master",
      "each": "list",
      "provider": "provider.github",
      "instances": [
        {
          "index_key": 0,
          "schema_version": 0,
          "attributes": {
            "branch": "master",
            "enforce_admins": false,
            "etag": "W/\"c98c4477cea410ab2a7113f2b888eef6\"",
            "id": "passport-verify:master",
            "repository": "passport-verify",
            "required_pull_request_reviews": [
              {
                "dismiss_stale_reviews": true,
                "dismissal_teams": null,
                "dismissal_users": null,
                "include_admins": false,
                "require_code_owner_reviews": false,
                "required_approving_review_count": 2
              }
            ],
            "required_status_checks": [
              {
                "contexts": null,
                "include_admins": false,
                "strict": false
              }
            ],
            "restrictions": []
          },
          "private": "bnVsbA==",
          "depends_on": [
            "github_repository.repo"
          ]
        }
      ]
    },
    {
      "module": "module.repo_doc_checking",
      "mode": "managed",
      "type": "github_branch_protection",
      "name": "repo_protect_master",
      "each": "list",
      "provider": "provider.github",
      "instances": [
        {
          "index_key": 0,
          "schema_version": 0,
          "attributes": {
            "branch": "master",
            "enforce_admins": false,
            "etag": "W/\"389d7e59c8a04737d0feb2cc4b3cc248\"",
            "id": "doc-checking:master",
            "repository": "doc-checking",
            "required_pull_request_reviews": [
              {
                "dismiss_stale_reviews": true,
                "dismissal_teams": null,
                "dismissal_users": null,
                "include_admins": false,
                "require_code_owner_reviews": false,
                "required_approving_review_count": 2
              }
            ],
            "required_status_checks": [
              {
                "contexts": null,
                "include_admins": false,
                "strict": false
              }
            ],
            "restrictions": []
          },
          "private": "bnVsbA==",
          "depends_on": [
            "github_repository.repo"
          ]
        }
      ]
    },
    {
      "module": "module.repo_verify_ansible",
      "mode": "managed",
      "type": "github_branch_protection",
      "name": "repo_protect_master",
      "each": "list",
      "provider": "provider.github",
      "instances": [
        {
          "index_key": 0,
          "schema_version": 0,
          "attributes": {
            "branch": "master",
            "enforce_admins": false,
            "etag": "W/\"4ccccc7e851eee9daa595b1f711f5761\"",
            "id": "verify-ansible:master",
            "repository": "verify-ansible",
            "required_pull_request_reviews": [
              {
                "dismiss_stale_reviews": true,
                "dismissal_teams": null,
                "dismissal_users": null,
                "include_admins": false,
                "require_code_owner_reviews": false,
                "required_approving_review_count": 2
              }
            ],
            "required_status_checks": [
              {
                "contexts": null,
                "include_admins": false,
                "strict": false
              }
            ],
            "restrictions": []
          },
          "private": "bnVsbA==",
          "depends_on": [
            "github_repository.repo"
          ]
        }
      ]
    },
    {
      "module": "module.repo_verify_service_provider",
      "mode": "managed",
      "type": "github_branch_protection",
      "name": "repo_protect_master",
      "each": "list",
      "provider": "provider.github",
      "instances": [
        {
          "index_key": 0,
          "schema_version": 0,
          "attributes": {
            "branch": "master",
            "enforce_admins": false,
            "etag": "W/\"a939ff5636448e2984bcd469ef87db40\"",
            "id": "verify-service-provider:master",
            "repository": "verify-service-provider",
            "required_pull_request_reviews": [
              {
                "dismiss_stale_reviews": true,
                "dismissal_teams": null,
                "dismissal_users": null,
                "include_admins": false,
                "require_code_owner_reviews": false,
                "required_approving_review_count": 2
              }
            ],
            "required_status_checks": [
              {
                "contexts": null,
                "include_admins": false,
                "strict": false
              }
            ],
            "restrictions": []
          },
          "private": "bnVsbA==",
          "depends_on": [
            "github_repository.repo"
          ]
        }
      ]
    },
    {
      "module": "module.repo_verify_event_system_database_scripts",
      "mode": "managed",
      "type": "github_branch_protection",
      "name": "repo_protect_master",
      "each": "list",
      "provider": "provider.github",
      "instances": [
        {
          "index_key": 0,
          "schema_version": 0,
          "attributes": {
            "branch": "master",
            "enforce_admins": false,
            "etag": "W/\"2c207971618dea7eabf9e67a4851ddbe\"",
            "id": "verify-event-system-database-scripts:master",
            "repository": "verify-event-system-database-scripts",
            "required_pull_request_reviews": [
              {
                "dismiss_stale_reviews": true,
                "dismissal_teams": null,
                "dismissal_users": null,
                "include_admins": false,
                "require_code_owner_reviews": false,
                "required_approving_review_count": 2
              }
            ],
            "required_status_checks": [
              {
                "contexts": null,
                "include_admins": false,
                "strict": false
              }
            ],
            "restrictions": []
          },
          "private": "bnVsbA==",
          "depends_on": [
            "github_repository.repo"
          ]
        }
      ]
    },
    {
      "module": "module.repo_verify_infrastructure",
      "mode": "managed",
      "type": "github_branch_protection",
      "name": "repo_protect_master",
      "each": "list",
      "provider": "provider.github",
      "instances": [
        {
          "index_key": 0,
          "schema_version": 0,
          "attributes": {
            "branch": "master",
            "enforce_admins": false,
            "etag": "W/\"5205d2b42bb05ca2f2a3924e4e0cf8de\"",
            "id": "verify-infrastructure:master",
            "repository": "verify-infrastructure",
            "required_pull_request_reviews": [
              {
                "dismiss_stale_reviews": true,
                "dismissal_teams": null,
                "dismissal_users": null,
                "include_admins": false,
                "require_code_owner_reviews": false,
                "required_approving_review_count": 2
              }
            ],
            "required_status_checks": [
              {
                "contexts": null,
                "include_admins": false,
                "strict": false
              }
            ],
            "restrictions": []
          },
          "private": "bnVsbA==",
          "depends_on": [
            "github_repository.repo"
          ]
        }
      ]
    },
    {
      "module": "module.repo_verify_performance",
      "mode": "managed",
      "type": "github_branch_protection",
      "name": "repo_protect_master",
      "each": "list",
      "provider": "provider.github",
      "instances": [
        {
          "index_key": 0,
          "schema_version": 0,
          "attributes": {
            "branch": "master",
            "enforce_admins": false,
            "etag": "W/\"5e8689ffd18d14511363366cc946cbb3\"",
            "id": "verify-performance:master",
            "repository": "verify-performance",
            "required_pull_request_reviews": [
              {
                "dismiss_stale_reviews": true,
                "dismissal_teams": null,
                "dismissal_users": null,
                "include_admins": false,
                "require_code_owner_reviews": false,
                "required_approving_review_count": 2
              }
            ],
            "required_status_checks": [
              {
                "contexts": null,
                "include_admins": false,
                "strict": false
              }
            ],
            "restrictions": []
          },
          "private": "bnVsbA==",
          "depends_on": [
            "github_repository.repo"
          ]
        }
      ]
    },
    {
      "module": "module.repo_dcs_client_acceptance_tests",
      "mode": "managed",
      "type": "github_branch_protection",
      "name": "repo_protect_master",
      "each": "list",
      "provider": "provider.github",
      "instances": [
        {
          "index_key": 0,
          "schema_version": 0,
          "attributes": {
            "branch": "master",
            "enforce_admins": false,
            "etag": "W/\"9bd0405e863345851af305e6ae84b5e0\"",
            "id": "dcs-client-acceptance-tests:master",
            "repository": "dcs-client-acceptance-tests",
            "required_pull_request_reviews": [
              {
                "dismiss_stale_reviews": true,
                "dismissal_teams": null,
                "dismissal_users": null,
                "include_admins": false,
                "require_code_owner_reviews": false,
                "required_approving_review_count": 2
              }
            ],
            "required_status_checks": [
              {
                "contexts": null,
                "include_admins": false,
                "strict": false
              }
            ],
            "restrictions": []
          },
          "private": "bnVsbA==",
          "depends_on": [
            "github_repository.repo"
          ]
        }
      ]
    },
    {
      "module": "module.repo_verify_terraform",
      "mode": "managed",
      "type": "github_branch_protection",
      "name": "repo_protect_master",
      "each": "list",
      "provider": "provider.github",
      "instances": [
        {
          "index_key": 0,
          "schema_version": 0,
          "attributes": {
            "branch": "master",
            "enforce_admins": false,
            "etag": "W/\"29bfdfa74d9fba6812636057a21e1488\"",
            "id": "verify-terraform:master",
            "repository": "verify-terraform",
            "required_pull_request_reviews": [
              {
                "dismiss_stale_reviews": true,
                "dismissal_teams": null,
                "dismissal_users": null,
                "include_admins": false,
                "require_code_owner_reviews": false,
                "required_approving_review_count": 2
              }
            ],
            "required_status_checks": [
              {
                "contexts": null,
                "include_admins": false,
                "strict": false
              }
            ],
            "restrictions": []
          },
          "private": "bnVsbA==",
          "depends_on": [
            "github_repository.repo"
          ]
        }
      ]
    },
    {
      "module": "module.repo_verify_acceptance_tests",
      "mode": "managed",
      "type": "github_branch_protection",
      "name": "repo_protect_master",
      "each": "list",
      "provider": "provider.github",
      "instances": [
        {
          "index_key": 0,
          "schema_version": 0,
          "attributes": {
            "branch": "master",
            "enforce_admins": false,
            "etag": "W/\"fc5bf74d6d7083930c76015d7f76a36a\"",
            "id": "verify-acceptance-tests:master",
            "repository": "verify-acceptance-tests",
            "required_pull_request_reviews": [
              {
                "dismiss_stale_reviews": true,
                "dismissal_teams": null,
                "dismissal_users": null,
                "include_admins": false,
                "require_code_owner_reviews": false,
                "required_approving_review_count": 2
              }
            ],
            "required_status_checks": [
              {
                "contexts": null,
                "include_admins": false,
                "strict": false
              }
            ],
            "restrictions": []
          },
          "private": "bnVsbA==",
          "depends_on": [
            "github_repository.repo"
          ]
        }
      ]
    },
    {
      "module": "module.repo_verify_matomo_utils",
      "mode": "managed",
      "type": "github_branch_protection",
      "name": "repo_protect_master",
      "each": "list",
      "provider": "provider.github",
      "instances": [
        {
          "index_key": 0,
          "schema_version": 0,
          "attributes": {
            "branch": "master",
            "enforce_admins": false,
            "etag": "W/\"18d76b83085a29e39ca78db4678df016\"",
            "id": "verify-matomo-utils:master",
            "repository": "verify-matomo-utils",
            "required_pull_request_reviews": [
              {
                "dismiss_stale_reviews": true,
                "dismissal_teams": null,
                "dismissal_users": null,
                "include_admins": false,
                "require_code_owner_reviews": false,
                "required_approving_review_count": 2
              }
            ],
            "required_status_checks": [
              {
                "contexts": null,
                "include_admins": false,
                "strict": false
              }
            ],
            "restrictions": []
          },
          "private": "bnVsbA==",
          "depends_on": [
            "github_repository.repo"
          ]
        }
      ]
    },
    {
      "module": "module.repo_verify_idp_pid_hasherator",
      "mode": "managed",
      "type": "github_branch_protection",
      "name": "repo_protect_master",
      "each": "list",
      "provider": "provider.github",
      "instances": [
        {
          "index_key": 0,
          "schema_version": 0,
          "attributes": {
            "branch": "master",
            "enforce_admins": false,
            "etag": "W/\"1b61b2284835c0d09a657c514813df55\"",
            "id": "verify-idp-pid-hasherator:master",
            "repository": "verify-idp-pid-hasherator",
            "required_pull_request_reviews": [
              {
                "dismiss_stale_reviews": true,
                "dismissal_teams": null,
                "dismissal_users": null,
                "include_admins": false,
                "require_code_owner_reviews": false,
                "required_approving_review_count": 2
              }
            ],
            "required_status_checks": [
              {
                "contexts": null,
                "include_admins": false,
                "strict": false
              }
            ],
            "restrictions": []
          },
          "private": "bnVsbA==",
          "depends_on": [
            "github_repository.repo"
          ]
        }
      ]
    },
    {
      "module": "module.repo_verify_gradle",
      "mode": "managed",
      "type": "github_branch_protection",
      "name": "repo_protect_master",
      "each": "list",
      "provider": "provider.github",
      "instances": [
        {
          "index_key": 0,
          "schema_version": 0,
          "attributes": {
            "branch": "master",
            "enforce_admins": false,
            "etag": "W/\"229fd24616df0daa49bbd678f046d80c\"",
            "id": "verify-gradle:master",
            "repository": "verify-gradle",
            "required_pull_request_reviews": [
              {
                "dismiss_stale_reviews": true,
                "dismissal_teams": null,
                "dismissal_users": null,
                "include_admins": false,
                "require_code_owner_reviews": false,
                "required_approving_review_count": 2
              }
            ],
            "required_status_checks": [
              {
                "contexts": null,
                "include_admins": false,
                "strict": false
              }
            ],
            "restrictions": []
          },
          "private": "bnVsbA==",
          "depends_on": [
            "github_repository.repo"
          ]
        }
      ]
    },
    {
      "module": "module.repo_verify_datascience_sandbox",
      "mode": "managed",
      "type": "github_branch_protection",
      "name": "repo_protect_master",
      "each": "list",
      "provider": "provider.github",
      "instances": [
        {
          "index_key": 0,
          "schema_version": 0,
          "attributes": {
            "branch": "master",
            "enforce_admins": false,
            "etag": "W/\"e81218ace0bccd471e35e2b3e7033e94\"",
            "id": "verify-datascience-sandbox:master",
            "repository": "verify-datascience-sandbox",
            "required_pull_request_reviews": [
              {
                "dismiss_stale_reviews": true,
                "dismissal_teams": null,
                "dismissal_users": null,
                "include_admins": false,
                "require_code_owner_reviews": false,
                "required_approving_review_count": 2
              }
            ],
            "required_status_checks": [
              {
                "contexts": null,
                "include_admins": false,
                "strict": false
              }
            ],
            "restrictions": []
          },
          "private": "bnVsbA==",
          "depends_on": [
            "github_repository.repo"
          ]
        }
      ]
    },
    {
      "module": "module.repo_verify_rp_environment_config_form",
      "mode": "managed",
      "type": "github_branch_protection",
      "name": "repo_protect_master",
      "each": "list",
      "provider": "provider.github",
      "instances": [
        {
          "index_key": 0,
          "schema_version": 0,
          "attributes": {
            "branch": "master",
            "enforce_admins": false,
            "etag": "W/\"4225d11b5044bee37f09f5976733d0b6\"",
            "id": "verify-rp-environment-config-form:master",
            "repository": "verify-rp-environment-config-form",
            "required_pull_request_reviews": [
              {
                "dismiss_stale_reviews": true,
                "dismissal_teams": null,
                "dismissal_users": null,
                "include_admins": false,
                "require_code_owner_reviews": false,
                "required_approving_review_count": 2
              }
            ],
            "required_status_checks": [
              {
                "contexts": null,
                "include_admins": false,
                "strict": false
              }
            ],
            "restrictions": []
          },
          "private": "bnVsbA==",
          "depends_on": [
            "github_repository.repo"
          ]
        }
      ]
    },
    {
      "module": "module.repo_verify_data_schemas",
      "mode": "managed",
      "type": "github_branch_protection",
      "name": "repo_protect_master",
      "each": "list",
      "provider": "provider.github",
      "instances": [
        {
          "index_key": 0,
          "schema_version": 0,
          "attributes": {
            "branch": "master",
            "enforce_admins": false,
            "etag": "W/\"93f0e8ea96e788f869959147f5b321e1\"",
            "id": "verify-data-schemas:master",
            "repository": "verify-data-schemas",
            "required_pull_request_reviews": [
              {
                "dismiss_stale_reviews": true,
                "dismissal_teams": null,
                "dismissal_users": null,
                "include_admins": false,
                "require_code_owner_reviews": false,
                "required_approving_review_count": 2
              }
            ],
            "required_status_checks": [
              {
                "contexts": null,
                "include_admins": false,
                "strict": false
              }
            ],
            "restrictions": []
          },
          "private": "bnVsbA==",
          "depends_on": [
            "github_repository.repo"
          ]
        }
      ]
    },
    {
      "module": "module.repo_verify_event_emitter_loader",
      "mode": "managed",
      "type": "github_branch_protection",
      "name": "repo_protect_master",
      "each": "list",
      "provider": "provider.github",
      "instances": [
        {
          "index_key": 0,
          "schema_version": 0,
          "attributes": {
            "branch": "master",
            "enforce_admins": false,
            "etag": "W/\"54f83d12b5bf52138bcd3fefc041665f\"",
            "id": "verify-event-emitter-loader:master",
            "repository": "verify-event-emitter-loader",
            "required_pull_request_reviews": [
              {
                "dismiss_stale_reviews": true,
                "dismissal_teams": null,
                "dismissal_users": null,
                "include_admins": false,
                "require_code_owner_reviews": false,
                "required_approving_review_count": 2
              }
            ],
            "required_status_checks": [
              {
                "contexts": null,
                "include_admins": false,
                "strict": false
              }
            ],
            "restrictions": []
          },
          "private": "bnVsbA==",
          "depends_on": [
            "github_repository.repo"
          ]
        }
      ]
    },
    {
      "module": "module.repo_metadata_checker",
      "mode": "managed",
      "type": "github_branch_protection",
      "name": "repo_protect_master",
      "each": "list",
      "provider": "provider.github",
      "instances": [
        {
          "index_key": 0,
          "schema_version": 0,
          "attributes": {
            "branch": "master",
            "enforce_admins": false,
            "etag": "W/\"f1e85c5fd8e89554826c78887737566a\"",
            "id": "metadata-checker:master",
            "repository": "metadata-checker",
            "required_pull_request_reviews": [
              {
                "dismiss_stale_reviews": true,
                "dismissal_teams": null,
                "dismissal_users": null,
                "include_admins": false,
                "require_code_owner_reviews": false,
                "required_approving_review_count": 2
              }
            ],
            "required_status_checks": [
              {
                "contexts": null,
                "include_admins": false,
                "strict": false
              }
            ],
            "restrictions": []
          },
          "private": "bnVsbA==",
          "depends_on": [
            "github_repository.repo"
          ]
        }
      ]
    },
    {
      "module": "module.repo_verify_frontend",
      "mode": "managed",
      "type": "github_branch_protection",
      "name": "repo_protect_master",
      "each": "list",
      "provider": "provider.github",
      "instances": [
        {
          "index_key": 0,
          "schema_version": 0,
          "attributes": {
            "branch": "master",
            "enforce_admins": false,
            "etag": "W/\"6098f56a24a1c6993eb3e97e14496dc5\"",
            "id": "verify-frontend:master",
            "repository": "verify-frontend",
            "required_pull_request_reviews": [
              {
                "dismiss_stale_reviews": true,
                "dismissal_teams": null,
                "dismissal_users": null,
                "include_admins": false,
                "require_code_owner_reviews": false,
                "required_approving_review_count": 2
              }
            ],
            "required_status_checks": [
              {
                "contexts": null,
                "include_admins": false,
                "strict": false
              }
            ],
            "restrictions": []
          },
          "private": "bnVsbA==",
          "depends_on": [
            "github_repository.repo"
          ]
        }
      ]
    },
    {
      "module": "module.repo_verify_il3_laptop_bootstrap",
      "mode": "managed",
      "type": "github_branch_protection",
      "name": "repo_protect_master",
      "each": "list",
      "provider": "provider.github",
      "instances": [
        {
          "index_key": 0,
          "schema_version": 0,
          "attributes": {
            "branch": "master",
            "enforce_admins": false,
            "etag": "W/\"936962bd7b0b223e7a445b3332e70605\"",
            "id": "verify-il3-laptop-bootstrap:master",
            "repository": "verify-il3-laptop-bootstrap",
            "required_pull_request_reviews": [
              {
                "dismiss_stale_reviews": true,
                "dismissal_teams": null,
                "dismissal_users": null,
                "include_admins": false,
                "require_code_owner_reviews": false,
                "required_approving_review_count": 2
              }
            ],
            "required_status_checks": [
              {
                "contexts": null,
                "include_admins": false,
                "strict": false
              }
            ],
            "restrictions": []
          },
          "private": "bnVsbA==",
          "depends_on": [
            "github_repository.repo"
          ]
        }
      ]
    },
    {
      "module": "module.repo_verify_release_logs",
      "mode": "managed",
      "type": "github_branch_protection",
      "name": "repo_protect_master",
      "each": "list",
      "provider": "provider.github",
      "instances": []
    },
    {
      "module": "module.repo_dcs_client",
      "mode": "managed",
      "type": "github_branch_protection",
      "name": "repo_protect_master",
      "each": "list",
      "provider": "provider.github",
      "instances": [
        {
          "index_key": 0,
          "schema_version": 0,
          "attributes": {
            "branch": "master",
            "enforce_admins": false,
            "etag": "W/\"5d4632b5d4c4941940794dc16ea39067\"",
            "id": "dcs-client:master",
            "repository": "dcs-client",
            "required_pull_request_reviews": [
              {
                "dismiss_stale_reviews": true,
                "dismissal_teams": null,
                "dismissal_users": null,
                "include_admins": false,
                "require_code_owner_reviews": false,
                "required_approving_review_count": 2
              }
            ],
            "required_status_checks": [
              {
                "contexts": null,
                "include_admins": false,
                "strict": false
              }
            ],
            "restrictions": []
          },
          "private": "bnVsbA==",
          "depends_on": [
            "github_repository.repo"
          ]
        }
      ]
    },
    {
      "module": "module.repo_verify_idp_predictor",
      "mode": "managed",
      "type": "github_branch_protection",
      "name": "repo_protect_master",
      "each": "list",
      "provider": "provider.github",
      "instances": [
        {
          "index_key": 0,
          "schema_version": 0,
          "attributes": {
            "branch": "master",
            "enforce_admins": false,
            "etag": "W/\"5f0985dc13245764e34b17be10d6307a\"",
            "id": "verify-idp-predictor:master",
            "repository": "verify-idp-predictor",
            "required_pull_request_reviews": [
              {
                "dismiss_stale_reviews": true,
                "dismissal_teams": null,
                "dismissal_users": null,
                "include_admins": false,
                "require_code_owner_reviews": false,
                "required_approving_review_count": 2
              }
            ],
            "required_status_checks": [
              {
                "contexts": null,
                "include_admins": false,
                "strict": false
              }
            ],
            "restrictions": []
          },
          "private": "bnVsbA==",
          "depends_on": [
            "github_repository.repo"
          ]
        }
      ]
    },
    {
      "module": "module.repo_verify_test_repo",
      "mode": "managed",
      "type": "github_branch_protection",
      "name": "repo_protect_master",
      "each": "list",
      "provider": "provider.github",
      "instances": [
        {
          "index_key": 0,
          "schema_version": 0,
          "attributes": {
            "branch": "master",
            "enforce_admins": false,
            "etag": "W/\"e43231f4bc57cf755ff4094cbfd5a5a3\"",
            "id": "verify-test-repo:master",
            "repository": "verify-test-repo",
            "required_pull_request_reviews": [
              {
                "dismiss_stale_reviews": true,
                "dismissal_teams": null,
                "dismissal_users": null,
                "include_admins": false,
                "require_code_owner_reviews": false,
                "required_approving_review_count": 2
              }
            ],
            "required_status_checks": [
              {
                "contexts": null,
                "include_admins": false,
                "strict": false
              }
            ],
            "restrictions": []
          },
          "private": "bnVsbA==",
          "depends_on": [
            "github_repository.repo"
          ]
        }
      ]
    },
    {
      "module": "module.repo_splunk_library_javalogging",
      "mode": "managed",
      "type": "github_branch_protection",
      "name": "repo_protect_master",
      "each": "list",
      "provider": "provider.github",
      "instances": [
        {
          "index_key": 0,
          "schema_version": 0,
          "attributes": {
            "branch": "master",
            "enforce_admins": false,
            "etag": "W/\"e1b1c2063103a36ec4e5473552648cf9\"",
            "id": "splunk-library-javalogging:master",
            "repository": "splunk-library-javalogging",
            "required_pull_request_reviews": [
              {
                "dismiss_stale_reviews": true,
                "dismissal_teams": null,
                "dismissal_users": null,
                "include_admins": false,
                "require_code_owner_reviews": false,
                "required_approving_review_count": 2
              }
            ],
            "required_status_checks": [
              {
                "contexts": null,
                "include_admins": false,
                "strict": false
              }
            ],
            "restrictions": []
          },
          "private": "bnVsbA==",
          "depends_on": [
            "github_repository.repo"
          ]
        }
      ]
    },
    {
      "module": "module.repo_verify_puppet",
      "mode": "managed",
      "type": "github_branch_protection",
      "name": "repo_protect_master",
      "each": "list",
      "provider": "provider.github",
      "instances": [
        {
          "index_key": 0,
          "schema_version": 0,
          "attributes": {
            "branch": "master",
            "enforce_admins": false,
            "etag": "W/\"6ebbaf30156607e6ec0b18a29037ccba\"",
            "id": "verify-puppet:master",
            "repository": "verify-puppet",
            "required_pull_request_reviews": [
              {
                "dismiss_stale_reviews": true,
                "dismissal_teams": null,
                "dismissal_users": null,
                "include_admins": false,
                "require_code_owner_reviews": false,
                "required_approving_review_count": 2
              }
            ],
            "required_status_checks": [
              {
                "contexts": null,
                "include_admins": false,
                "strict": false
              }
            ],
            "restrictions": []
          },
          "private": "bnVsbA==",
          "depends_on": [
            "github_repository.repo"
          ]
        }
      ]
    },
    {
      "module": "module.repo_verify_self_service",
      "mode": "managed",
      "type": "github_branch_protection",
      "name": "repo_protect_master",
      "each": "list",
      "provider": "provider.github",
      "instances": [
        {
          "index_key": 0,
          "schema_version": 0,
          "attributes": {
            "branch": "master",
            "enforce_admins": false,
            "etag": "W/\"010090842beb7b59cc7d6fc1bd892427\"",
            "id": "verify-self-service:master",
            "repository": "verify-self-service",
            "required_pull_request_reviews": [
              {
                "dismiss_stale_reviews": true,
                "dismissal_teams": null,
                "dismissal_users": null,
                "include_admins": false,
                "require_code_owner_reviews": false,
                "required_approving_review_count": 2
              }
            ],
            "required_status_checks": [
              {
                "contexts": null,
                "include_admins": false,
                "strict": false
              }
            ],
            "restrictions": []
          },
          "private": "bnVsbA==",
          "depends_on": [
            "github_repository.repo"
          ]
        }
      ]
    },
    {
      "module": "module.repo_verify_performance_scripts",
      "mode": "managed",
      "type": "github_branch_protection",
      "name": "repo_protect_master",
      "each": "list",
      "provider": "provider.github",
      "instances": [
        {
          "index_key": 0,
          "schema_version": 0,
          "attributes": {
            "branch": "master",
            "enforce_admins": false,
            "etag": "W/\"2656330a686d54012839f78898c9e7ae\"",
            "id": "verify-performance-scripts:master",
            "repository": "verify-performance-scripts",
            "required_pull_request_reviews": [
              {
                "dismiss_stale_reviews": true,
                "dismissal_teams": null,
                "dismissal_users": null,
                "include_admins": false,
                "require_code_owner_reviews": false,
                "required_approving_review_count": 2
              }
            ],
            "required_status_checks": [
              {
                "contexts": null,
                "include_admins": false,
                "strict": false
              }
            ],
            "restrictions": []
          },
          "private": "bnVsbA==",
          "depends_on": [
            "github_repository.repo"
          ]
        }
      ]
    },
    {
      "module": "module.repo_dropwizard_logstash",
      "mode": "managed",
      "type": "github_branch_protection",
      "name": "repo_protect_master",
      "each": "list",
      "provider": "provider.github",
      "instances": [
        {
          "index_key": 0,
          "schema_version": 0,
          "attributes": {
            "branch": "master",
            "enforce_admins": false,
            "etag": "W/\"4fe1bb97f7a348dc14ef879960e6ef09\"",
            "id": "dropwizard-logstash:master",
            "repository": "dropwizard-logstash",
            "required_pull_request_reviews": [
              {
                "dismiss_stale_reviews": true,
                "dismissal_teams": null,
                "dismissal_users": null,
                "include_admins": false,
                "require_code_owner_reviews": false,
                "required_approving_review_count": 2
              }
            ],
            "required_status_checks": [
              {
                "contexts": null,
                "include_admins": false,
                "strict": false
              }
            ],
            "restrictions": []
          },
          "private": "bnVsbA==",
          "depends_on": [
            "github_repository.repo"
          ]
        }
      ]
    },
    {
      "module": "module.repo_verify_event_infrastructure",
      "mode": "managed",
      "type": "github_repository",
      "name": "repo",
      "provider": "provider.github",
      "instances": [
        {
          "schema_version": 0,
          "attributes": {
            "allow_merge_commit": true,
            "allow_rebase_merge": false,
            "allow_squash_merge": false,
            "archived": false,
            "auto_init": true,
            "default_branch": "master",
            "description": "Infrastructure used to process Audit \u0026 Billing events for Verify",
            "etag": "W/\"e6e15c778eb2289e688b4352d3c67cab\"",
            "full_name": "alphagov/verify-event-infrastructure",
            "git_clone_url": "git://github.com/alphagov/verify-event-infrastructure.git",
            "gitignore_template": null,
            "has_downloads": false,
            "has_issues": true,
            "has_projects": null,
            "has_wiki": true,
            "homepage_url": "",
            "html_url": "https://github.com/alphagov/verify-event-infrastructure",
            "http_clone_url": "https://github.com/alphagov/verify-event-infrastructure.git",
            "id": "verify-event-infrastructure",
            "license_template": null,
            "name": "verify-event-infrastructure",
            "private": true,
            "ssh_clone_url": "git@github.com:alphagov/verify-event-infrastructure.git",
            "svn_url": "https://github.com/alphagov/verify-event-infrastructure",
            "topics": [
              "infrastructure",
              "lambda",
              "rds",
              "sqs",
              "terraform",
              "verify"
            ]
          }
        }
      ]
    },
    {
      "module": "module.repo_verify_data_pipeline_config",
      "mode": "managed",
      "type": "github_repository",
      "name": "repo",
      "provider": "provider.github",
      "instances": [
        {
          "schema_version": 0,
          "attributes": {
            "allow_merge_commit": true,
            "allow_rebase_merge": false,
            "allow_squash_merge": false,
            "archived": false,
            "auto_init": true,
            "default_branch": "master",
            "description": "Holds configuration data to help verify data pipeline run in production",
            "etag": "W/\"92f72a2b3bfd4861f626eaa742ac10db\"",
            "full_name": "alphagov/verify-data-pipeline-config",
            "git_clone_url": "git://github.com/alphagov/verify-data-pipeline-config.git",
            "gitignore_template": null,
            "has_downloads": false,
            "has_issues": true,
            "has_projects": null,
            "has_wiki": true,
            "homepage_url": "",
            "html_url": "https://github.com/alphagov/verify-data-pipeline-config",
            "http_clone_url": "https://github.com/alphagov/verify-data-pipeline-config.git",
            "id": "verify-data-pipeline-config",
            "license_template": null,
            "name": "verify-data-pipeline-config",
            "private": true,
            "ssh_clone_url": "git@github.com:alphagov/verify-data-pipeline-config.git",
            "svn_url": "https://github.com/alphagov/verify-data-pipeline-config",
            "topics": []
          }
        }
      ]
    },
    {
      "module": "module.repo_ida_compliance_tool",
      "mode": "managed",
      "type": "github_repository",
      "name": "repo",
      "provider": "provider.github",
      "instances": [
        {
          "schema_version": 0,
          "attributes": {
            "allow_merge_commit": true,
            "allow_rebase_merge": false,
            "allow_squash_merge": false,
            "archived": false,
            "auto_init": true,
            "default_branch": "master",
            "description": "Verify Compliance Tool (temporary)",
            "etag": "W/\"b685bcddeaa84991a951d0138474b5af\"",
            "full_name": "alphagov/ida-compliance-tool",
            "git_clone_url": "git://github.com/alphagov/ida-compliance-tool.git",
            "gitignore_template": null,
            "has_downloads": false,
            "has_issues": true,
            "has_projects": null,
            "has_wiki": true,
            "homepage_url": "",
            "html_url": "https://github.com/alphagov/ida-compliance-tool",
            "http_clone_url": "https://github.com/alphagov/ida-compliance-tool.git",
            "id": "ida-compliance-tool",
            "license_template": null,
            "name": "ida-compliance-tool",
            "private": true,
            "ssh_clone_url": "git@github.com:alphagov/ida-compliance-tool.git",
            "svn_url": "https://github.com/alphagov/ida-compliance-tool",
            "topics": [
              "verify"
            ]
          }
        }
      ]
    },
    {
      "module": "module.repo_verify_packages",
      "mode": "managed",
      "type": "github_repository",
      "name": "repo",
      "provider": "provider.github",
      "instances": [
        {
          "schema_version": 0,
          "attributes": {
            "allow_merge_commit": true,
            "allow_rebase_merge": false,
            "allow_squash_merge": false,
            "archived": false,
            "auto_init": true,
            "default_branch": "master",
            "description": "Builds custom ubuntu packages used for Verify systems",
            "etag": "W/\"ac8ca52a47e8c1ec8fc9f0d0d252d7fe\"",
            "full_name": "alphagov/verify-packages",
            "git_clone_url": "git://github.com/alphagov/verify-packages.git",
            "gitignore_template": null,
            "has_downloads": false,
            "has_issues": true,
            "has_projects": null,
            "has_wiki": true,
            "homepage_url": "",
            "html_url": "https://github.com/alphagov/verify-packages",
            "http_clone_url": "https://github.com/alphagov/verify-packages.git",
            "id": "verify-packages",
            "license_template": null,
            "name": "verify-packages",
            "private": true,
            "ssh_clone_url": "git@github.com:alphagov/verify-packages.git",
            "svn_url": "https://github.com/alphagov/verify-packages",
            "topics": [
              "verify"
            ]
          }
        }
      ]
    },
    {
      "module": "module.repo_verify_fabric",
      "mode": "managed",
      "type": "github_repository",
      "name": "repo",
      "provider": "provider.github",
      "instances": [
        {
          "schema_version": 0,
          "attributes": {
            "allow_merge_commit": true,
            "allow_rebase_merge": false,
            "allow_squash_merge": false,
            "archived": false,
            "auto_init": true,
            "default_branch": "master",
            "description": " Fabric for Verify ",
            "etag": "W/\"65f68ce991a7e1381c2f46a0e017ce08\"",
            "full_name": "alphagov/verify-fabric",
            "git_clone_url": "git://github.com/alphagov/verify-fabric.git",
            "gitignore_template": null,
            "has_downloads": false,
            "has_issues": true,
            "has_projects": null,
            "has_wiki": true,
            "homepage_url": "",
            "html_url": "https://github.com/alphagov/verify-fabric",
            "http_clone_url": "https://github.com/alphagov/verify-fabric.git",
            "id": "verify-fabric",
            "license_template": null,
            "name": "verify-fabric",
            "private": true,
            "ssh_clone_url": "git@github.com:alphagov/verify-fabric.git",
            "svn_url": "https://github.com/alphagov/verify-fabric",
            "topics": [
              "verify"
            ]
          }
        }
      ]
    },
    {
      "module": "module.repo_dcs_performance_tests",
      "mode": "managed",
      "type": "github_repository",
      "name": "repo",
      "provider": "provider.github",
      "instances": [
        {
          "schema_version": 0,
          "attributes": {
            "allow_merge_commit": true,
            "allow_rebase_merge": false,
            "allow_squash_merge": false,
            "archived": false,
            "auto_init": true,
            "default_branch": "master",
            "description": "Verify DCS Performance Tests",
            "etag": "W/\"06cfa96203fc85b7ecf3e68d302ea6a1\"",
            "full_name": "alphagov/dcs-performance-tests",
            "git_clone_url": "git://github.com/alphagov/dcs-performance-tests.git",
            "gitignore_template": null,
            "has_downloads": false,
            "has_issues": true,
            "has_projects": null,
            "has_wiki": true,
            "homepage_url": "",
            "html_url": "https://github.com/alphagov/dcs-performance-tests",
            "http_clone_url": "https://github.com/alphagov/dcs-performance-tests.git",
            "id": "dcs-performance-tests",
            "license_template": null,
            "name": "dcs-performance-tests",
            "private": true,
            "ssh_clone_url": "git@github.com:alphagov/dcs-performance-tests.git",
            "svn_url": "https://github.com/alphagov/dcs-performance-tests",
            "topics": [
              "verify"
            ]
          }
        }
      ]
    },
    {
      "module": "module.repo_verify_local_matching_service_example",
      "mode": "managed",
      "type": "github_repository",
      "name": "repo",
      "provider": "provider.github",
      "instances": [
        {
          "schema_version": 0,
          "attributes": {
            "allow_merge_commit": true,
            "allow_rebase_merge": false,
            "allow_squash_merge": false,
            "archived": false,
            "auto_init": true,
            "default_branch": "master",
            "description": "",
            "etag": "W/\"7dbe7d3d320fc9cd5a48fa0d6608f532\"",
            "full_name": "alphagov/verify-local-matching-service-example",
            "git_clone_url": "git://github.com/alphagov/verify-local-matching-service-example.git",
            "gitignore_template": null,
            "has_downloads": false,
            "has_issues": true,
            "has_projects": null,
            "has_wiki": true,
            "homepage_url": "",
            "html_url": "https://github.com/alphagov/verify-local-matching-service-example",
            "http_clone_url": "https://github.com/alphagov/verify-local-matching-service-example.git",
            "id": "verify-local-matching-service-example",
            "license_template": null,
            "name": "verify-local-matching-service-example",
            "private": false,
            "ssh_clone_url": "git@github.com:alphagov/verify-local-matching-service-example.git",
            "svn_url": "https://github.com/alphagov/verify-local-matching-service-example",
            "topics": [
              "verify"
            ]
          }
        }
      ]
    },
    {
      "module": "module.repo_verify_hub",
      "mode": "managed",
      "type": "github_repository",
      "name": "repo",
      "provider": "provider.github",
      "instances": [
        {
          "schema_version": 0,
          "attributes": {
            "allow_merge_commit": true,
            "allow_rebase_merge": false,
            "allow_squash_merge": false,
            "archived": false,
            "auto_init": true,
            "default_branch": "master",
            "description": "Verify Hub Microservices",
            "etag": "W/\"afce9ac6f57fa5bf1b2317b5b3be23a8\"",
            "full_name": "alphagov/verify-hub",
            "git_clone_url": "git://github.com/alphagov/verify-hub.git",
            "gitignore_template": null,
            "has_downloads": false,
            "has_issues": true,
            "has_projects": null,
            "has_wiki": true,
            "homepage_url": "",
            "html_url": "https://github.com/alphagov/verify-hub",
            "http_clone_url": "https://github.com/alphagov/verify-hub.git",
            "id": "verify-hub",
            "license_template": null,
            "name": "verify-hub",
            "private": false,
            "ssh_clone_url": "git@github.com:alphagov/verify-hub.git",
            "svn_url": "https://github.com/alphagov/verify-hub",
            "topics": [
              "verify"
            ]
          }
        }
      ]
    },
    {
      "module": "module.repo_verify_token_service",
      "mode": "managed",
      "type": "github_repository",
      "name": "repo",
      "provider": "provider.github",
      "instances": [
        {
          "schema_version": 0,
          "attributes": {
            "allow_merge_commit": true,
            "allow_rebase_merge": false,
            "allow_squash_merge": false,
            "archived": true,
            "auto_init": true,
            "default_branch": "master",
            "description": "Verify Token Service",
            "etag": "W/\"b1831fdf8d4eda33072ffa0b0e475270\"",
            "full_name": "alphagov/verify-token-service",
            "git_clone_url": "git://github.com/alphagov/verify-token-service.git",
            "gitignore_template": null,
            "has_downloads": false,
            "has_issues": true,
            "has_projects": null,
            "has_wiki": true,
            "homepage_url": "",
            "html_url": "https://github.com/alphagov/verify-token-service",
            "http_clone_url": "https://github.com/alphagov/verify-token-service.git",
            "id": "verify-token-service",
            "license_template": null,
            "name": "verify-token-service",
            "private": true,
            "ssh_clone_url": "git@github.com:alphagov/verify-token-service.git",
            "svn_url": "https://github.com/alphagov/verify-token-service",
            "topics": [
              "verify"
            ]
          }
        }
      ]
    },
    {
      "module": "module.repo_verify_proxy_node_infra",
      "mode": "managed",
      "type": "github_repository",
      "name": "repo",
      "provider": "provider.github",
      "instances": [
        {
          "schema_version": 0,
          "attributes": {
            "allow_merge_commit": true,
            "allow_rebase_merge": false,
            "allow_squash_merge": false,
            "archived": false,
            "auto_init": true,
            "default_branch": "master",
            "description": "Verify eIDAS Proxy Node infrastructure",
            "etag": "W/\"0326b81ba2b95911ca9217dd03ffbd26\"",
            "full_name": "alphagov/verify-proxy-node-infra",
            "git_clone_url": "git://github.com/alphagov/verify-proxy-node-infra.git",
            "gitignore_template": null,
            "has_downloads": false,
            "has_issues": true,
            "has_projects": null,
            "has_wiki": true,
            "homepage_url": "",
            "html_url": "https://github.com/alphagov/verify-proxy-node-infra",
            "http_clone_url": "https://github.com/alphagov/verify-proxy-node-infra.git",
            "id": "verify-proxy-node-infra",
            "license_template": null,
            "name": "verify-proxy-node-infra",
            "private": true,
            "ssh_clone_url": "git@github.com:alphagov/verify-proxy-node-infra.git",
            "svn_url": "https://github.com/alphagov/verify-proxy-node-infra",
            "topics": []
          }
        }
      ]
    },
    {
      "module": "module.repo_ida_hub_support",
      "mode": "managed",
      "type": "github_repository",
      "name": "repo",
      "provider": "provider.github",
      "instances": [
        {
          "schema_version": 0,
          "attributes": {
            "allow_merge_commit": true,
            "allow_rebase_merge": false,
            "allow_squash_merge": false,
            "archived": true,
            "auto_init": true,
            "default_branch": "master",
            "description": "Verify Hub Support services (temporary)",
            "etag": "W/\"c6b0d3baedc2a5ded50abb2b685bc3be\"",
            "full_name": "alphagov/ida-hub-support",
            "git_clone_url": "git://github.com/alphagov/ida-hub-support.git",
            "gitignore_template": null,
            "has_downloads": false,
            "has_issues": true,
            "has_projects": null,
            "has_wiki": true,
            "homepage_url": "",
            "html_url": "https://github.com/alphagov/ida-hub-support",
            "http_clone_url": "https://github.com/alphagov/ida-hub-support.git",
            "id": "ida-hub-support",
            "license_template": null,
            "name": "ida-hub-support",
            "private": true,
            "ssh_clone_url": "git@github.com:alphagov/ida-hub-support.git",
            "svn_url": "https://github.com/alphagov/ida-hub-support",
            "topics": [
              "verify"
            ]
          }
        }
      ]
    },
    {
      "module": "module.repo_verify_release_automation",
      "mode": "managed",
      "type": "github_repository",
      "name": "repo",
      "provider": "provider.github",
      "instances": [
        {
          "schema_version": 0,
          "attributes": {
            "allow_merge_commit": true,
            "allow_rebase_merge": false,
            "allow_squash_merge": false,
            "archived": false,
            "auto_init": true,
            "default_branch": "master",
            "description": "🚂 The Verify Release Train",
            "etag": "W/\"1d7060602c20e7f19cdd05e0e5112167\"",
            "full_name": "alphagov/verify-release-automation",
            "git_clone_url": "git://github.com/alphagov/verify-release-automation.git",
            "gitignore_template": null,
            "has_downloads": false,
            "has_issues": true,
            "has_projects": null,
            "has_wiki": true,
            "homepage_url": "",
            "html_url": "https://github.com/alphagov/verify-release-automation",
            "http_clone_url": "https://github.com/alphagov/verify-release-automation.git",
            "id": "verify-release-automation",
            "license_template": null,
            "name": "verify-release-automation",
            "private": true,
            "ssh_clone_url": "git@github.com:alphagov/verify-release-automation.git",
            "svn_url": "https://github.com/alphagov/verify-release-automation",
            "topics": [
              "verify"
            ]
          }
        }
      ]
    },
    {
      "module": "module.repo_verify_utils_libs",
      "mode": "managed",
      "type": "github_repository",
      "name": "repo",
      "provider": "provider.github",
      "instances": [
        {
          "schema_version": 0,
          "attributes": {
            "allow_merge_commit": true,
            "allow_rebase_merge": false,
            "allow_squash_merge": false,
            "archived": false,
            "auto_init": true,
            "default_branch": "master",
            "description": "Libraries used across multiple Verify projects",
            "etag": "W/\"752226367ce54073fc6603cca685a703\"",
            "full_name": "alphagov/verify-utils-libs",
            "git_clone_url": "git://github.com/alphagov/verify-utils-libs.git",
            "gitignore_template": null,
            "has_downloads": false,
            "has_issues": true,
            "has_projects": null,
            "has_wiki": true,
            "homepage_url": "",
            "html_url": "https://github.com/alphagov/verify-utils-libs",
            "http_clone_url": "https://github.com/alphagov/verify-utils-libs.git",
            "id": "verify-utils-libs",
            "license_template": null,
            "name": "verify-utils-libs",
            "private": false,
            "ssh_clone_url": "git@github.com:alphagov/verify-utils-libs.git",
            "svn_url": "https://github.com/alphagov/verify-utils-libs",
            "topics": [
              "verify"
            ]
          }
        }
      ]
    },
    {
      "module": "module.repo_verify_support_form",
      "mode": "managed",
      "type": "github_repository",
      "name": "repo",
      "provider": "provider.github",
      "instances": [
        {
          "schema_version": 0,
          "attributes": {
            "allow_merge_commit": true,
            "allow_rebase_merge": false,
            "allow_squash_merge": false,
            "archived": false,
            "auto_init": true,
            "default_branch": "master",
            "description": "Verify support form",
            "etag": "W/\"b10ee91ddfd3231c5cae4a56292abb37\"",
            "full_name": "alphagov/verify-support-form",
            "git_clone_url": "git://github.com/alphagov/verify-support-form.git",
            "gitignore_template": null,
            "has_downloads": false,
            "has_issues": true,
            "has_projects": null,
            "has_wiki": true,
            "homepage_url": "",
            "html_url": "https://github.com/alphagov/verify-support-form",
            "http_clone_url": "https://github.com/alphagov/verify-support-form.git",
            "id": "verify-support-form",
            "license_template": null,
            "name": "verify-support-form",
            "private": false,
            "ssh_clone_url": "git@github.com:alphagov/verify-support-form.git",
            "svn_url": "https://github.com/alphagov/verify-support-form",
            "topics": [
              "verify"
            ]
          }
        }
      ]
    },
    {
      "module": "module.repo_verify_architecture",
      "mode": "managed",
      "type": "github_repository",
      "name": "repo",
      "provider": "provider.github",
      "instances": [
        {
          "schema_version": 0,
          "attributes": {
            "allow_merge_commit": true,
            "allow_rebase_merge": false,
            "allow_squash_merge": false,
            "archived": false,
            "auto_init": true,
            "default_branch": "master",
            "description": "Contains architectural documentation",
            "etag": "W/\"2c65acc7525d47f8b451477f6c0fb89c\"",
            "full_name": "alphagov/verify-architecture",
            "git_clone_url": "git://github.com/alphagov/verify-architecture.git",
            "gitignore_template": null,
            "has_downloads": false,
            "has_issues": true,
            "has_projects": null,
            "has_wiki": true,
            "homepage_url": "",
            "html_url": "https://github.com/alphagov/verify-architecture",
            "http_clone_url": "https://github.com/alphagov/verify-architecture.git",
            "id": "verify-architecture",
            "license_template": null,
            "name": "verify-architecture",
            "private": true,
            "ssh_clone_url": "git@github.com:alphagov/verify-architecture.git",
            "svn_url": "https://github.com/alphagov/verify-architecture",
            "topics": [
              "verify"
            ]
          }
        }
      ]
    },
    {
      "module": "module.repo_verify_test_rp",
      "mode": "managed",
      "type": "github_repository",
      "name": "repo",
      "provider": "provider.github",
      "instances": [
        {
          "schema_version": 0,
          "attributes": {
            "allow_merge_commit": true,
            "allow_rebase_merge": false,
            "allow_squash_merge": false,
            "archived": false,
            "auto_init": true,
            "default_branch": "master",
            "description": "Verify Test Relying Party",
            "etag": "W/\"fb22979ef03b03e4c6a04df98827dc9f\"",
            "full_name": "alphagov/verify-test-rp",
            "git_clone_url": "git://github.com/alphagov/verify-test-rp.git",
            "gitignore_template": null,
            "has_downloads": false,
            "has_issues": true,
            "has_projects": null,
            "has_wiki": true,
            "homepage_url": "",
            "html_url": "https://github.com/alphagov/verify-test-rp",
            "http_clone_url": "https://github.com/alphagov/verify-test-rp.git",
            "id": "verify-test-rp",
            "license_template": null,
            "name": "verify-test-rp",
            "private": false,
            "ssh_clone_url": "git@github.com:alphagov/verify-test-rp.git",
            "svn_url": "https://github.com/alphagov/verify-test-rp",
            "topics": [
              "relying-party",
              "test",
              "verify"
            ]
          }
        }
      ]
    },
    {
      "module": "module.repo_passport_verify_stub_relying_party",
      "mode": "managed",
      "type": "github_repository",
      "name": "repo",
      "provider": "provider.github",
      "instances": [
        {
          "schema_version": 0,
          "attributes": {
            "allow_merge_commit": true,
            "allow_rebase_merge": false,
            "allow_squash_merge": false,
            "archived": false,
            "auto_init": true,
            "default_branch": "master",
            "description": "Stub Relying party that integrates with Verify using the passport-verify library",
            "etag": "W/\"d476ba765d297dfe68df82f6bc971b8b\"",
            "full_name": "alphagov/passport-verify-stub-relying-party",
            "git_clone_url": "git://github.com/alphagov/passport-verify-stub-relying-party.git",
            "gitignore_template": null,
            "has_downloads": false,
            "has_issues": true,
            "has_projects": null,
            "has_wiki": true,
            "homepage_url": "",
            "html_url": "https://github.com/alphagov/passport-verify-stub-relying-party",
            "http_clone_url": "https://github.com/alphagov/passport-verify-stub-relying-party.git",
            "id": "passport-verify-stub-relying-party",
            "license_template": null,
            "name": "passport-verify-stub-relying-party",
            "private": false,
            "ssh_clone_url": "git@github.com:alphagov/passport-verify-stub-relying-party.git",
            "svn_url": "https://github.com/alphagov/passport-verify-stub-relying-party",
            "topics": [
              "verify"
            ]
          }
        }
      ]
    },
    {
      "module": "module.repo_verify_data_pipeline",
      "mode": "managed",
      "type": "github_repository",
      "name": "repo",
      "provider": "provider.github",
      "instances": [
        {
          "schema_version": 0,
          "attributes": {
            "allow_merge_commit": true,
            "allow_rebase_merge": false,
            "allow_squash_merge": false,
            "archived": false,
            "auto_init": true,
            "default_branch": "master",
            "description": "Manages Analytics code that generates statistics that inform journey improvements",
            "etag": "W/\"0f1e09a7a3f62bd2b6f51e0f41b1f780\"",
            "full_name": "alphagov/verify-data-pipeline",
            "git_clone_url": "git://github.com/alphagov/verify-data-pipeline.git",
            "gitignore_template": null,
            "has_downloads": false,
            "has_issues": true,
            "has_projects": null,
            "has_wiki": true,
            "homepage_url": "",
            "html_url": "https://github.com/alphagov/verify-data-pipeline",
            "http_clone_url": "https://github.com/alphagov/verify-data-pipeline.git",
            "id": "verify-data-pipeline",
            "license_template": null,
            "name": "verify-data-pipeline",
            "private": true,
            "ssh_clone_url": "git@github.com:alphagov/verify-data-pipeline.git",
            "svn_url": "https://github.com/alphagov/verify-data-pipeline",
            "topics": [
              "verify"
            ]
          }
        }
      ]
    },
    {
      "module": "module.repo_verify_hub_federation_config",
      "mode": "managed",
      "type": "github_repository",
      "name": "repo",
      "provider": "provider.github",
      "instances": [
        {
          "schema_version": 0,
          "attributes": {
            "allow_merge_commit": true,
            "allow_rebase_merge": false,
            "allow_squash_merge": false,
            "archived": false,
            "auto_init": true,
            "default_branch": "master",
            "description": "Verify Hub federation configuration",
            "etag": "W/\"6dedb786e70ba59d29430f5a8c1d2bfa\"",
            "full_name": "alphagov/verify-hub-federation-config",
            "git_clone_url": "git://github.com/alphagov/verify-hub-federation-config.git",
            "gitignore_template": null,
            "has_downloads": false,
            "has_issues": true,
            "has_projects": null,
            "has_wiki": true,
            "homepage_url": "",
            "html_url": "https://github.com/alphagov/verify-hub-federation-config",
            "http_clone_url": "https://github.com/alphagov/verify-hub-federation-config.git",
            "id": "verify-hub-federation-config",
            "license_template": null,
            "name": "verify-hub-federation-config",
            "private": true,
            "ssh_clone_url": "git@github.com:alphagov/verify-hub-federation-config.git",
            "svn_url": "https://github.com/alphagov/verify-hub-federation-config",
            "topics": [
              "verify"
            ]
          }
        }
      ]
    },
    {
      "module": "module.repo_verify_dashing",
      "mode": "managed",
      "type": "github_repository",
      "name": "repo",
      "provider": "provider.github",
      "instances": [
        {
          "schema_version": 0,
          "attributes": {
            "allow_merge_commit": true,
            "allow_rebase_merge": false,
            "allow_squash_merge": false,
            "archived": false,
            "auto_init": null,
            "default_branch": "master",
            "description": "Used to run yak dashboard",
            "etag": "W/\"948d59e23e0f282a4783f7847a1a81c5\"",
            "full_name": "alphagov/verify-dashing",
            "git_clone_url": "git://github.com/alphagov/verify-dashing.git",
            "gitignore_template": null,
            "has_downloads": false,
            "has_issues": true,
            "has_projects": null,
            "has_wiki": true,
            "homepage_url": "",
            "html_url": "https://github.com/alphagov/verify-dashing",
            "http_clone_url": "https://github.com/alphagov/verify-dashing.git",
            "id": "verify-dashing",
            "license_template": null,
            "name": "verify-dashing",
            "private": true,
            "ssh_clone_url": "git@github.com:alphagov/verify-dashing.git",
            "svn_url": "https://github.com/alphagov/verify-dashing",
            "topics": [
              "verify"
            ]
          }
        }
      ]
    },
    {
      "module": "module.repo_verify_event_system_alarm_notifier",
      "mode": "managed",
      "type": "github_repository",
      "name": "repo",
      "provider": "provider.github",
      "instances": [
        {
          "schema_version": 0,
          "attributes": {
            "allow_merge_commit": true,
            "allow_rebase_merge": false,
            "allow_squash_merge": false,
            "archived": false,
            "auto_init": true,
            "default_branch": "master",
            "description": "Lambda functions for monitoring alarm notifications",
            "etag": "W/\"394af7f0a6144feba3a8f9deea94d296\"",
            "full_name": "alphagov/verify-event-system-alarm-notifier",
            "git_clone_url": "git://github.com/alphagov/verify-event-system-alarm-notifier.git",
            "gitignore_template": null,
            "has_downloads": false,
            "has_issues": true,
            "has_projects": null,
            "has_wiki": true,
            "homepage_url": "",
            "html_url": "https://github.com/alphagov/verify-event-system-alarm-notifier",
            "http_clone_url": "https://github.com/alphagov/verify-event-system-alarm-notifier.git",
            "id": "verify-event-system-alarm-notifier",
            "license_template": null,
            "name": "verify-event-system-alarm-notifier",
            "private": false,
            "ssh_clone_url": "git@github.com:alphagov/verify-event-system-alarm-notifier.git",
            "svn_url": "https://github.com/alphagov/verify-event-system-alarm-notifier",
            "topics": []
          }
        }
      ]
    },
    {
      "module": "module.repo_verify_local_startup",
      "mode": "managed",
      "type": "github_repository",
      "name": "repo",
      "provider": "provider.github",
      "instances": [
        {
          "schema_version": 0,
          "attributes": {
            "allow_merge_commit": true,
            "allow_rebase_merge": false,
            "allow_squash_merge": false,
            "archived": false,
            "auto_init": null,
            "default_branch": "master",
            "description": "Utilities to run the Verify Hub and stubs locally",
            "etag": "W/\"6203e88568d3d91e4c05ceb3fd81a875\"",
            "full_name": "alphagov/verify-local-startup",
            "git_clone_url": "git://github.com/alphagov/verify-local-startup.git",
            "gitignore_template": null,
            "has_downloads": false,
            "has_issues": true,
            "has_projects": null,
            "has_wiki": true,
            "homepage_url": "",
            "html_url": "https://github.com/alphagov/verify-local-startup",
            "http_clone_url": "https://github.com/alphagov/verify-local-startup.git",
            "id": "verify-local-startup",
            "license_template": null,
            "name": "verify-local-startup",
            "private": false,
            "ssh_clone_url": "git@github.com:alphagov/verify-local-startup.git",
            "svn_url": "https://github.com/alphagov/verify-local-startup",
            "topics": [
              "verify"
            ]
          }
        }
      ]
    },
    {
      "module": "module.repo_verify_metadata",
      "mode": "managed",
      "type": "github_repository",
      "name": "repo",
      "provider": "provider.github",
      "instances": [
        {
          "schema_version": 0,
          "attributes": {
            "allow_merge_commit": true,
            "allow_rebase_merge": false,
            "allow_squash_merge": false,
            "archived": false,
            "auto_init": true,
            "default_branch": "master",
            "description": "Verify SAML metadata sources",
            "etag": "W/\"047dd784f9e1bfa6674618b6effed911\"",
            "full_name": "alphagov/verify-metadata",
            "git_clone_url": "git://github.com/alphagov/verify-metadata.git",
            "gitignore_template": null,
            "has_downloads": false,
            "has_issues": true,
            "has_projects": null,
            "has_wiki": true,
            "homepage_url": "",
            "html_url": "https://github.com/alphagov/verify-metadata",
            "http_clone_url": "https://github.com/alphagov/verify-metadata.git",
            "id": "verify-metadata",
            "license_template": null,
            "name": "verify-metadata",
            "private": true,
            "ssh_clone_url": "git@github.com:alphagov/verify-metadata.git",
            "svn_url": "https://github.com/alphagov/verify-metadata",
            "topics": [
              "verify"
            ]
          }
        }
      ]
    },
    {
      "module": "module.repo_verify_frontend_federation_config",
      "mode": "managed",
      "type": "github_repository",
      "name": "repo",
      "provider": "provider.github",
      "instances": [
        {
          "schema_version": 0,
          "attributes": {
            "allow_merge_commit": true,
            "allow_rebase_merge": false,
            "allow_squash_merge": false,
            "archived": false,
            "auto_init": true,
            "default_branch": "master",
            "description": "Federation configuration for the Verify frontend",
            "etag": "W/\"3ac227175a9bf533549dfc8653d3fd35\"",
            "full_name": "alphagov/verify-frontend-federation-config",
            "git_clone_url": "git://github.com/alphagov/verify-frontend-federation-config.git",
            "gitignore_template": null,
            "has_downloads": false,
            "has_issues": true,
            "has_projects": null,
            "has_wiki": true,
            "homepage_url": "",
            "html_url": "https://github.com/alphagov/verify-frontend-federation-config",
            "http_clone_url": "https://github.com/alphagov/verify-frontend-federation-config.git",
            "id": "verify-frontend-federation-config",
            "license_template": null,
            "name": "verify-frontend-federation-config",
            "private": true,
            "ssh_clone_url": "git@github.com:alphagov/verify-frontend-federation-config.git",
            "svn_url": "https://github.com/alphagov/verify-frontend-federation-config",
            "topics": [
              "verify"
            ]
          }
        }
      ]
    },
    {
      "module": "module.repo_verify_boxes",
      "mode": "managed",
      "type": "github_repository",
      "name": "repo",
      "provider": "provider.github",
      "instances": [
        {
          "schema_version": 0,
          "attributes": {
            "allow_merge_commit": true,
            "allow_rebase_merge": false,
            "allow_squash_merge": false,
            "archived": false,
            "auto_init": true,
            "default_branch": "master",
            "description": "Verify specific configuration for vcloud-launch ",
            "etag": "W/\"b34d99b8f2ec0c00cad22aac7fdb98e5\"",
            "full_name": "alphagov/verify-boxes",
            "git_clone_url": "git://github.com/alphagov/verify-boxes.git",
            "gitignore_template": null,
            "has_downloads": false,
            "has_issues": true,
            "has_projects": null,
            "has_wiki": true,
            "homepage_url": "",
            "html_url": "https://github.com/alphagov/verify-boxes",
            "http_clone_url": "https://github.com/alphagov/verify-boxes.git",
            "id": "verify-boxes",
            "license_template": null,
            "name": "verify-boxes",
            "private": true,
            "ssh_clone_url": "git@github.com:alphagov/verify-boxes.git",
            "svn_url": "https://github.com/alphagov/verify-boxes",
            "topics": [
              "verify"
            ]
          },
          "private": "bnVsbA=="
        }
      ]
    },
    {
      "module": "module.repo_verify_saml_libs",
      "mode": "managed",
      "type": "github_repository",
      "name": "repo",
      "provider": "provider.github",
      "instances": [
        {
          "schema_version": 0,
          "attributes": {
            "allow_merge_commit": true,
            "allow_rebase_merge": false,
            "allow_squash_merge": false,
            "archived": false,
            "auto_init": true,
            "default_branch": "master",
            "description": "Verify SAML Libraries 📚",
            "etag": "W/\"ae096c502cb12732aecd3b0de129b148\"",
            "full_name": "alphagov/verify-saml-libs",
            "git_clone_url": "git://github.com/alphagov/verify-saml-libs.git",
            "gitignore_template": null,
            "has_downloads": false,
            "has_issues": true,
            "has_projects": null,
            "has_wiki": true,
            "homepage_url": "",
            "html_url": "https://github.com/alphagov/verify-saml-libs",
            "http_clone_url": "https://github.com/alphagov/verify-saml-libs.git",
            "id": "verify-saml-libs",
            "license_template": null,
            "name": "verify-saml-libs",
            "private": false,
            "ssh_clone_url": "git@github.com:alphagov/verify-saml-libs.git",
            "svn_url": "https://github.com/alphagov/verify-saml-libs",
            "topics": [
              "saml",
              "verify"
            ]
          }
        }
      ]
    },
    {
      "module": "module.repo_verify_german_eidas_middleware",
      "mode": "managed",
      "type": "github_repository",
      "name": "repo",
      "provider": "provider.github",
      "instances": [
        {
          "schema_version": 0,
          "attributes": {
            "allow_merge_commit": true,
            "allow_rebase_merge": false,
            "allow_squash_merge": false,
            "archived": false,
            "auto_init": true,
            "default_branch": "master",
            "description": "",
            "etag": "W/\"8964c53879b844e04cf807adaf4f2958\"",
            "full_name": "alphagov/verify-german-eidas-middleware",
            "git_clone_url": "git://github.com/alphagov/verify-german-eidas-middleware.git",
            "gitignore_template": null,
            "has_downloads": false,
            "has_issues": true,
            "has_projects": null,
            "has_wiki": true,
            "homepage_url": "",
            "html_url": "https://github.com/alphagov/verify-german-eidas-middleware",
            "http_clone_url": "https://github.com/alphagov/verify-german-eidas-middleware.git",
            "id": "verify-german-eidas-middleware",
            "license_template": null,
            "name": "verify-german-eidas-middleware",
            "private": false,
            "ssh_clone_url": "git@github.com:alphagov/verify-german-eidas-middleware.git",
            "svn_url": "https://github.com/alphagov/verify-german-eidas-middleware",
            "topics": [
              "verify"
            ]
          }
        }
      ]
    },
    {
      "module": "module.repo_verify_tech_team",
      "mode": "managed",
      "type": "github_repository",
      "name": "repo",
      "provider": "provider.github",
      "instances": [
        {
          "schema_version": 0,
          "attributes": {
            "allow_merge_commit": true,
            "allow_rebase_merge": false,
            "allow_squash_merge": false,
            "archived": false,
            "auto_init": true,
            "default_branch": "master",
            "description": "Data about Verify team members",
            "etag": "W/\"22d3eb16338451da2fd8cddd6dd36da4\"",
            "full_name": "alphagov/verify-tech-team",
            "git_clone_url": "git://github.com/alphagov/verify-tech-team.git",
            "gitignore_template": null,
            "has_downloads": false,
            "has_issues": true,
            "has_projects": null,
            "has_wiki": true,
            "homepage_url": "",
            "html_url": "https://github.com/alphagov/verify-tech-team",
            "http_clone_url": "https://github.com/alphagov/verify-tech-team.git",
            "id": "verify-tech-team",
            "license_template": null,
            "name": "verify-tech-team",
            "private": true,
            "ssh_clone_url": "git@github.com:alphagov/verify-tech-team.git",
            "svn_url": "https://github.com/alphagov/verify-tech-team",
            "topics": [
              "verify"
            ]
          }
        }
      ]
    },
    {
      "module": "module.repo_verify_self_service_infrastructure",
      "mode": "managed",
      "type": "github_repository",
      "name": "repo",
      "provider": "provider.github",
      "instances": [
        {
          "schema_version": 0,
          "attributes": {
            "allow_merge_commit": true,
            "allow_rebase_merge": false,
            "allow_squash_merge": false,
            "archived": false,
            "auto_init": true,
            "default_branch": "master",
            "description": "Infrastructure and terraform files for Verify Self Service",
            "etag": "W/\"13d0dc371e68980a2fb07105aefcd44c\"",
            "full_name": "alphagov/verify-self-service-infrastructure",
            "git_clone_url": "git://github.com/alphagov/verify-self-service-infrastructure.git",
            "gitignore_template": null,
            "has_downloads": false,
            "has_issues": true,
            "has_projects": null,
            "has_wiki": true,
            "homepage_url": "",
            "html_url": "https://github.com/alphagov/verify-self-service-infrastructure",
            "http_clone_url": "https://github.com/alphagov/verify-self-service-infrastructure.git",
            "id": "verify-self-service-infrastructure",
            "license_template": null,
            "name": "verify-self-service-infrastructure",
            "private": true,
            "ssh_clone_url": "git@github.com:alphagov/verify-self-service-infrastructure.git",
            "svn_url": "https://github.com/alphagov/verify-self-service-infrastructure",
            "topics": []
          }
        }
      ]
    },
    {
      "module": "module.repo_verify_stub_idp_federation_config",
      "mode": "managed",
      "type": "github_repository",
      "name": "repo",
      "provider": "provider.github",
      "instances": [
        {
          "schema_version": 0,
          "attributes": {
            "allow_merge_commit": true,
            "allow_rebase_merge": false,
            "allow_squash_merge": false,
            "archived": false,
            "auto_init": true,
            "default_branch": "master",
            "description": "Federation config for verify-stub-idp",
            "etag": "W/\"0784d9e4e916d13e7d1471458b8ac336\"",
            "full_name": "alphagov/verify-stub-idp-federation-config",
            "git_clone_url": "git://github.com/alphagov/verify-stub-idp-federation-config.git",
            "gitignore_template": null,
            "has_downloads": false,
            "has_issues": true,
            "has_projects": null,
            "has_wiki": true,
            "homepage_url": "",
            "html_url": "https://github.com/alphagov/verify-stub-idp-federation-config",
            "http_clone_url": "https://github.com/alphagov/verify-stub-idp-federation-config.git",
            "id": "verify-stub-idp-federation-config",
            "license_template": null,
            "name": "verify-stub-idp-federation-config",
            "private": true,
            "ssh_clone_url": "git@github.com:alphagov/verify-stub-idp-federation-config.git",
            "svn_url": "https://github.com/alphagov/verify-stub-idp-federation-config",
            "topics": [
              "verify"
            ]
          }
        }
      ]
    },
    {
      "module": "module.repo_verify_eidas_mw_run",
      "mode": "managed",
      "type": "github_repository",
      "name": "repo",
      "provider": "provider.github",
      "instances": [
        {
          "schema_version": 0,
          "attributes": {
            "allow_merge_commit": true,
            "allow_rebase_merge": false,
            "allow_squash_merge": false,
            "archived": false,
            "auto_init": true,
            "default_branch": "master",
            "description": "German eIDAS middleware run container",
            "etag": "W/\"69e3a9789b3e5148197f7bb765456a96\"",
            "full_name": "alphagov/verify-eidas-mw-run",
            "git_clone_url": "git://github.com/alphagov/verify-eidas-mw-run.git",
            "gitignore_template": null,
            "has_downloads": false,
            "has_issues": true,
            "has_projects": null,
            "has_wiki": true,
            "homepage_url": "",
            "html_url": "https://github.com/alphagov/verify-eidas-mw-run",
            "http_clone_url": "https://github.com/alphagov/verify-eidas-mw-run.git",
            "id": "verify-eidas-mw-run",
            "license_template": null,
            "name": "verify-eidas-mw-run",
            "private": false,
            "ssh_clone_url": "git@github.com:alphagov/verify-eidas-mw-run.git",
            "svn_url": "https://github.com/alphagov/verify-eidas-mw-run",
            "topics": []
          }
        }
      ]
    },
    {
      "module": "module.repo_verify_matching_service_adapter",
      "mode": "managed",
      "type": "github_repository",
      "name": "repo",
      "provider": "provider.github",
      "instances": [
        {
          "schema_version": 0,
          "attributes": {
            "allow_merge_commit": true,
            "allow_rebase_merge": false,
            "allow_squash_merge": false,
            "archived": false,
            "auto_init": true,
            "default_branch": "master",
            "description": "Verify Matching Service Adapter",
            "etag": "W/\"5d090a7543a61defde0442cecc5f65d0\"",
            "full_name": "alphagov/verify-matching-service-adapter",
            "git_clone_url": "git://github.com/alphagov/verify-matching-service-adapter.git",
            "gitignore_template": null,
            "has_downloads": false,
            "has_issues": true,
            "has_projects": null,
            "has_wiki": true,
            "homepage_url": "",
            "html_url": "https://github.com/alphagov/verify-matching-service-adapter",
            "http_clone_url": "https://github.com/alphagov/verify-matching-service-adapter.git",
            "id": "verify-matching-service-adapter",
            "license_template": null,
            "name": "verify-matching-service-adapter",
            "private": false,
            "ssh_clone_url": "git@github.com:alphagov/verify-matching-service-adapter.git",
            "svn_url": "https://github.com/alphagov/verify-matching-service-adapter",
            "topics": [
              "verify"
            ]
          }
        }
      ]
    },
    {
      "module": "module.repo_verify_blackbox_passwords",
      "mode": "managed",
      "type": "github_repository",
      "name": "repo",
      "provider": "provider.github",
      "instances": [
        {
          "schema_version": 0,
          "attributes": {
            "allow_merge_commit": true,
            "allow_rebase_merge": false,
            "allow_squash_merge": false,
            "archived": false,
            "auto_init": null,
            "default_branch": "master",
            "description": "Securely stored credentials for Verify",
            "etag": "W/\"4141becb95c7797d4bb1067114f7ff9a\"",
            "full_name": "alphagov/verify-blackbox-passwords",
            "git_clone_url": "git://github.com/alphagov/verify-blackbox-passwords.git",
            "gitignore_template": null,
            "has_downloads": false,
            "has_issues": true,
            "has_projects": null,
            "has_wiki": true,
            "homepage_url": "",
            "html_url": "https://github.com/alphagov/verify-blackbox-passwords",
            "http_clone_url": "https://github.com/alphagov/verify-blackbox-passwords.git",
            "id": "verify-blackbox-passwords",
            "license_template": null,
            "name": "verify-blackbox-passwords",
            "private": true,
            "ssh_clone_url": "git@github.com:alphagov/verify-blackbox-passwords.git",
            "svn_url": "https://github.com/alphagov/verify-blackbox-passwords",
            "topics": [
              "verify"
            ]
          }
        }
      ]
    },
    {
      "module": "module.repo_ida_hub_acceptance_tests",
      "mode": "managed",
      "type": "github_repository",
      "name": "repo",
      "provider": "provider.github",
      "instances": [
        {
          "schema_version": 0,
          "attributes": {
            "allow_merge_commit": true,
            "allow_rebase_merge": false,
            "allow_squash_merge": false,
            "archived": false,
            "auto_init": true,
            "default_branch": "master",
            "description": "Verify Hub acceptance tests (temporary)",
            "etag": "W/\"28e1b0af3dc0eb7c54b203f3e18fe50e\"",
            "full_name": "alphagov/ida-hub-acceptance-tests",
            "git_clone_url": "git://github.com/alphagov/ida-hub-acceptance-tests.git",
            "gitignore_template": null,
            "has_downloads": false,
            "has_issues": true,
            "has_projects": null,
            "has_wiki": true,
            "homepage_url": "",
            "html_url": "https://github.com/alphagov/ida-hub-acceptance-tests",
            "http_clone_url": "https://github.com/alphagov/ida-hub-acceptance-tests.git",
            "id": "ida-hub-acceptance-tests",
            "license_template": null,
            "name": "ida-hub-acceptance-tests",
            "private": true,
            "ssh_clone_url": "git@github.com:alphagov/ida-hub-acceptance-tests.git",
            "svn_url": "https://github.com/alphagov/ida-hub-acceptance-tests",
            "topics": [
              "verify"
            ]
          }
        }
      ]
    },
    {
      "module": "module.repo_verify_eidas_metadata_aggregator",
      "mode": "managed",
      "type": "github_repository",
      "name": "repo",
      "provider": "provider.github",
      "instances": [
        {
          "schema_version": 0,
          "attributes": {
            "allow_merge_commit": true,
            "allow_rebase_merge": false,
            "allow_squash_merge": false,
            "archived": false,
            "auto_init": true,
            "default_branch": "master",
            "description": "Script to aggregate SAML metadata from EU countries",
            "etag": "W/\"56ad060eb1b67daa0e7119bbad6b2492\"",
            "full_name": "alphagov/verify-eidas-metadata-aggregator",
            "git_clone_url": "git://github.com/alphagov/verify-eidas-metadata-aggregator.git",
            "gitignore_template": null,
            "has_downloads": false,
            "has_issues": true,
            "has_projects": null,
            "has_wiki": true,
            "homepage_url": "",
            "html_url": "https://github.com/alphagov/verify-eidas-metadata-aggregator",
            "http_clone_url": "https://github.com/alphagov/verify-eidas-metadata-aggregator.git",
            "id": "verify-eidas-metadata-aggregator",
            "license_template": null,
            "name": "verify-eidas-metadata-aggregator",
            "private": false,
            "ssh_clone_url": "git@github.com:alphagov/verify-eidas-metadata-aggregator.git",
            "svn_url": "https://github.com/alphagov/verify-eidas-metadata-aggregator",
            "topics": [
              "verify"
            ]
          }
        }
      ]
    },
    {
      "module": "module.repo_verify_proxy_node",
      "mode": "managed",
      "type": "github_repository",
      "name": "repo",
      "provider": "provider.github",
      "instances": [
        {
          "schema_version": 0,
          "attributes": {
            "allow_merge_commit": true,
            "allow_rebase_merge": false,
            "allow_squash_merge": false,
            "archived": false,
            "auto_init": true,
            "default_branch": "master",
            "description": "eIDAS Proxy Node",
            "etag": "W/\"158c35a2ee6aaff0c7dabec9a750e66c\"",
            "full_name": "alphagov/verify-proxy-node",
            "git_clone_url": "git://github.com/alphagov/verify-proxy-node.git",
            "gitignore_template": null,
            "has_downloads": false,
            "has_issues": true,
            "has_projects": null,
            "has_wiki": true,
            "homepage_url": "",
            "html_url": "https://github.com/alphagov/verify-proxy-node",
            "http_clone_url": "https://github.com/alphagov/verify-proxy-node.git",
            "id": "verify-proxy-node",
            "license_template": null,
            "name": "verify-proxy-node",
            "private": false,
            "ssh_clone_url": "git@github.com:alphagov/verify-proxy-node.git",
            "svn_url": "https://github.com/alphagov/verify-proxy-node",
            "topics": []
          }
        }
      ]
    },
    {
      "module": "module.repo_verify_event_recorder_service",
      "mode": "managed",
      "type": "github_repository",
      "name": "repo",
      "provider": "provider.github",
      "instances": [
        {
          "schema_version": 0,
          "attributes": {
            "allow_merge_commit": true,
            "allow_rebase_merge": false,
            "allow_squash_merge": false,
            "archived": false,
            "auto_init": true,
            "default_branch": "master",
            "description": "This service is part of Verify's event recording system; its purpose is to read events from a queue and write them to a permanent datastore.",
            "etag": "W/\"7971b4c4ccd81818965326834353b177\"",
            "full_name": "alphagov/verify-event-recorder-service",
            "git_clone_url": "git://github.com/alphagov/verify-event-recorder-service.git",
            "gitignore_template": null,
            "has_downloads": false,
            "has_issues": true,
            "has_projects": null,
            "has_wiki": true,
            "homepage_url": "",
            "html_url": "https://github.com/alphagov/verify-event-recorder-service",
            "http_clone_url": "https://github.com/alphagov/verify-event-recorder-service.git",
            "id": "verify-event-recorder-service",
            "license_template": null,
            "name": "verify-event-recorder-service",
            "private": false,
            "ssh_clone_url": "git@github.com:alphagov/verify-event-recorder-service.git",
            "svn_url": "https://github.com/alphagov/verify-event-recorder-service",
            "topics": [
              "verify"
            ]
          }
        }
      ]
    },
    {
      "module": "module.repo_verify_build_scripts",
      "mode": "managed",
      "type": "github_repository",
      "name": "repo",
      "provider": "provider.github",
      "instances": [
        {
          "schema_version": 0,
          "attributes": {
            "allow_merge_commit": true,
            "allow_rebase_merge": false,
            "allow_squash_merge": false,
            "archived": false,
            "auto_init": true,
            "default_branch": "master",
            "description": "Useful scripts and tools for Verify tech",
            "etag": "W/\"0737fb864b54b71bea337389aa01ad4d\"",
            "full_name": "alphagov/verify-build-scripts",
            "git_clone_url": "git://github.com/alphagov/verify-build-scripts.git",
            "gitignore_template": null,
            "has_downloads": false,
            "has_issues": true,
            "has_projects": null,
            "has_wiki": true,
            "homepage_url": "",
            "html_url": "https://github.com/alphagov/verify-build-scripts",
            "http_clone_url": "https://github.com/alphagov/verify-build-scripts.git",
            "id": "verify-build-scripts",
            "license_template": null,
            "name": "verify-build-scripts",
            "private": true,
            "ssh_clone_url": "git@github.com:alphagov/verify-build-scripts.git",
            "svn_url": "https://github.com/alphagov/verify-build-scripts",
            "topics": [
              "verify"
            ]
          }
        }
      ]
    },
    {
      "module": "module.repo_verify_eidas_mw_config_generator",
      "mode": "managed",
      "type": "github_repository",
      "name": "repo",
      "provider": "provider.github",
      "instances": [
        {
          "schema_version": 0,
          "attributes": {
            "allow_merge_commit": true,
            "allow_rebase_merge": false,
            "allow_squash_merge": false,
            "archived": false,
            "auto_init": true,
            "default_branch": "master",
            "description": "eIDAS Middleware Configuration Generator",
            "etag": "W/\"f1826af6838193cb1fc0d752355d9dca\"",
            "full_name": "alphagov/verify-eidas-mw-config-generator",
            "git_clone_url": "git://github.com/alphagov/verify-eidas-mw-config-generator.git",
            "gitignore_template": null,
            "has_downloads": false,
            "has_issues": true,
            "has_projects": null,
            "has_wiki": true,
            "homepage_url": "",
            "html_url": "https://github.com/alphagov/verify-eidas-mw-config-generator",
            "http_clone_url": "https://github.com/alphagov/verify-eidas-mw-config-generator.git",
            "id": "verify-eidas-mw-config-generator",
            "license_template": null,
            "name": "verify-eidas-mw-config-generator",
            "private": false,
            "ssh_clone_url": "git@github.com:alphagov/verify-eidas-mw-config-generator.git",
            "svn_url": "https://github.com/alphagov/verify-eidas-mw-config-generator",
            "topics": []
          }
        }
      ]
    },
    {
      "module": "module.repo_verify_stub_idp",
      "mode": "managed",
      "type": "github_repository",
      "name": "repo",
      "provider": "provider.github",
      "instances": [
        {
          "schema_version": 0,
          "attributes": {
            "allow_merge_commit": true,
            "allow_rebase_merge": false,
            "allow_squash_merge": false,
            "archived": false,
            "auto_init": true,
            "default_branch": "master",
            "description": "Stub Identity Provider and Stub eIDAS Proxy Service Node used for testing GOV.UK Verify",
            "etag": "W/\"756ebe553a0e85cb412bfdd86b423552\"",
            "full_name": "alphagov/verify-stub-idp",
            "git_clone_url": "git://github.com/alphagov/verify-stub-idp.git",
            "gitignore_template": null,
            "has_downloads": false,
            "has_issues": true,
            "has_projects": null,
            "has_wiki": true,
            "homepage_url": "",
            "html_url": "https://github.com/alphagov/verify-stub-idp",
            "http_clone_url": "https://github.com/alphagov/verify-stub-idp.git",
            "id": "verify-stub-idp",
            "license_template": null,
            "name": "verify-stub-idp",
            "private": false,
            "ssh_clone_url": "git@github.com:alphagov/verify-stub-idp.git",
            "svn_url": "https://github.com/alphagov/verify-stub-idp",
            "topics": [
              "eidas",
              "idp",
              "stub",
              "verify"
            ]
          }
        }
      ]
    },
    {
      "module": "module.repo_verify_team_manual",
      "mode": "managed",
      "type": "github_repository",
      "name": "repo",
      "provider": "provider.github",
      "instances": [
        {
          "schema_version": 0,
          "attributes": {
            "allow_merge_commit": true,
            "allow_rebase_merge": false,
            "allow_squash_merge": false,
            "archived": false,
            "auto_init": true,
            "default_branch": "master",
            "description": "",
            "etag": "W/\"8b92589d6f625f885ff5f2bb19e66044\"",
            "full_name": "alphagov/verify-team-manual",
            "git_clone_url": "git://github.com/alphagov/verify-team-manual.git",
            "gitignore_template": null,
            "has_downloads": false,
            "has_issues": true,
            "has_projects": null,
            "has_wiki": true,
            "homepage_url": "",
            "html_url": "https://github.com/alphagov/verify-team-manual",
            "http_clone_url": "https://github.com/alphagov/verify-team-manual.git",
            "id": "verify-team-manual",
            "license_template": null,
            "name": "verify-team-manual",
            "private": true,
            "ssh_clone_url": "git@github.com:alphagov/verify-team-manual.git",
            "svn_url": "https://github.com/alphagov/verify-team-manual",
            "topics": [
              "verify"
            ]
          }
        }
      ]
    },
    {
      "module": "module.repo_verify_jenkins_job_builder",
      "mode": "managed",
      "type": "github_repository",
      "name": "repo",
      "provider": "provider.github",
      "instances": [
        {
          "schema_version": 0,
          "attributes": {
            "allow_merge_commit": true,
            "allow_rebase_merge": false,
            "allow_squash_merge": false,
            "archived": false,
            "auto_init": true,
            "default_branch": "master",
            "description": "Verify Jenkins Job Builder configuration",
            "etag": "W/\"3f8ced88af7cb0df57c312292d1a9583\"",
            "full_name": "alphagov/verify-jenkins-job-builder",
            "git_clone_url": "git://github.com/alphagov/verify-jenkins-job-builder.git",
            "gitignore_template": null,
            "has_downloads": false,
            "has_issues": true,
            "has_projects": null,
            "has_wiki": true,
            "homepage_url": "",
            "html_url": "https://github.com/alphagov/verify-jenkins-job-builder",
            "http_clone_url": "https://github.com/alphagov/verify-jenkins-job-builder.git",
            "id": "verify-jenkins-job-builder",
            "license_template": null,
            "name": "verify-jenkins-job-builder",
            "private": true,
            "ssh_clone_url": "git@github.com:alphagov/verify-jenkins-job-builder.git",
            "svn_url": "https://github.com/alphagov/verify-jenkins-job-builder",
            "topics": [
              "verify"
            ]
          }
        }
      ]
    },
    {
      "module": "module.repo_verify_eidas_trust_anchor",
      "mode": "managed",
      "type": "github_repository",
      "name": "repo",
      "provider": "provider.github",
      "instances": [
        {
          "schema_version": 0,
          "attributes": {
            "allow_merge_commit": true,
            "allow_rebase_merge": false,
            "allow_squash_merge": false,
            "archived": false,
            "auto_init": true,
            "default_branch": "master",
            "description": "Generates trust anchors as JSON Web Keys that allow MSAs and Hubs to validate European metadata.",
            "etag": "W/\"fe9ddecaf77f8b40d0d0998889facc21\"",
            "full_name": "alphagov/verify-eidas-trust-anchor",
            "git_clone_url": "git://github.com/alphagov/verify-eidas-trust-anchor.git",
            "gitignore_template": null,
            "has_downloads": false,
            "has_issues": true,
            "has_projects": null,
            "has_wiki": true,
            "homepage_url": "",
            "html_url": "https://github.com/alphagov/verify-eidas-trust-anchor",
            "http_clone_url": "https://github.com/alphagov/verify-eidas-trust-anchor.git",
            "id": "verify-eidas-trust-anchor",
            "license_template": null,
            "name": "verify-eidas-trust-anchor",
            "private": false,
            "ssh_clone_url": "git@github.com:alphagov/verify-eidas-trust-anchor.git",
            "svn_url": "https://github.com/alphagov/verify-eidas-trust-anchor",
            "topics": [
              "verify"
            ]
          }
        }
      ]
    },
    {
      "module": "module.repo_verify_infrastructure_config",
      "mode": "managed",
      "type": "github_repository",
      "name": "repo",
      "provider": "provider.github",
      "instances": [
        {
          "schema_version": 0,
          "attributes": {
            "allow_merge_commit": true,
            "allow_rebase_merge": false,
            "allow_squash_merge": false,
            "archived": false,
            "auto_init": null,
            "default_branch": "master",
            "description": "ECS Hub Config (including the CI/CD pipeline)",
            "etag": "W/\"1fa3c5e99ab70b9914322b3317616047\"",
            "full_name": "alphagov/verify-infrastructure-config",
            "git_clone_url": "git://github.com/alphagov/verify-infrastructure-config.git",
            "gitignore_template": null,
            "has_downloads": false,
            "has_issues": true,
            "has_projects": null,
            "has_wiki": true,
            "homepage_url": "",
            "html_url": "https://github.com/alphagov/verify-infrastructure-config",
            "http_clone_url": "https://github.com/alphagov/verify-infrastructure-config.git",
            "id": "verify-infrastructure-config",
            "license_template": null,
            "name": "verify-infrastructure-config",
            "private": true,
            "ssh_clone_url": "git@github.com:alphagov/verify-infrastructure-config.git",
            "svn_url": "https://github.com/alphagov/verify-infrastructure-config",
            "topics": []
          }
        }
      ]
    },
    {
      "module": "module.repo_ida_performance_tests",
      "mode": "managed",
      "type": "github_repository",
      "name": "repo",
      "provider": "provider.github",
      "instances": [
        {
          "schema_version": 0,
          "attributes": {
            "allow_merge_commit": true,
            "allow_rebase_merge": false,
            "allow_squash_merge": false,
            "archived": false,
            "auto_init": false,
            "default_branch": "master",
            "description": "Verify Performance Testing (temporary)",
            "etag": "W/\"871ec7eb0698ae0adf53cc752cd93160\"",
            "full_name": "alphagov/ida-performance-tests",
            "git_clone_url": "git://github.com/alphagov/ida-performance-tests.git",
            "gitignore_template": null,
            "has_downloads": false,
            "has_issues": true,
            "has_projects": null,
            "has_wiki": true,
            "homepage_url": "",
            "html_url": "https://github.com/alphagov/ida-performance-tests",
            "http_clone_url": "https://github.com/alphagov/ida-performance-tests.git",
            "id": "ida-performance-tests",
            "license_template": null,
            "name": "ida-performance-tests",
            "private": true,
            "ssh_clone_url": "git@github.com:alphagov/ida-performance-tests.git",
            "svn_url": "https://github.com/alphagov/ida-performance-tests",
            "topics": [
              "verify"
            ]
          }
        }
      ]
    },
    {
      "module": "module.repo_verify_event_emitter",
      "mode": "managed",
      "type": "github_repository",
      "name": "repo",
      "provider": "provider.github",
      "instances": [
        {
          "schema_version": 0,
          "attributes": {
            "allow_merge_commit": true,
            "allow_rebase_merge": false,
            "allow_squash_merge": false,
            "archived": false,
            "auto_init": true,
            "default_branch": "master",
            "description": "Send events",
            "etag": "W/\"d5cf22e73edf81f65aae84a84d6f509f\"",
            "full_name": "alphagov/verify-event-emitter",
            "git_clone_url": "git://github.com/alphagov/verify-event-emitter.git",
            "gitignore_template": null,
            "has_downloads": false,
            "has_issues": true,
            "has_projects": null,
            "has_wiki": true,
            "homepage_url": "",
            "html_url": "https://github.com/alphagov/verify-event-emitter",
            "http_clone_url": "https://github.com/alphagov/verify-event-emitter.git",
            "id": "verify-event-emitter",
            "license_template": null,
            "name": "verify-event-emitter",
            "private": false,
            "ssh_clone_url": "git@github.com:alphagov/verify-event-emitter.git",
            "svn_url": "https://github.com/alphagov/verify-event-emitter",
            "topics": [
              "verify"
            ]
          }
        }
      ]
    },
    {
      "module": "module.repo_verify_product_page",
      "mode": "managed",
      "type": "github_repository",
      "name": "repo",
      "provider": "provider.github",
      "instances": [
        {
          "schema_version": 0,
          "attributes": {
            "allow_merge_commit": true,
            "allow_rebase_merge": false,
            "allow_squash_merge": false,
            "archived": false,
            "auto_init": false,
            "default_branch": "master",
            "description": "Product landing page for GOV.UK Verify",
            "etag": "W/\"07482a9b5f51572b370a190f9b58f516\"",
            "full_name": "alphagov/verify-product-page",
            "git_clone_url": "git://github.com/alphagov/verify-product-page.git",
            "gitignore_template": null,
            "has_downloads": false,
            "has_issues": true,
            "has_projects": null,
            "has_wiki": true,
            "homepage_url": "",
            "html_url": "https://github.com/alphagov/verify-product-page",
            "http_clone_url": "https://github.com/alphagov/verify-product-page.git",
            "id": "verify-product-page",
            "license_template": null,
            "name": "verify-product-page",
            "private": false,
            "ssh_clone_url": "git@github.com:alphagov/verify-product-page.git",
            "svn_url": "https://github.com/alphagov/verify-product-page",
            "topics": [
              "verify"
            ]
          }
        }
      ]
    },
    {
      "module": "module.repo_passport_verify",
      "mode": "managed",
      "type": "github_repository",
      "name": "repo",
      "provider": "provider.github",
      "instances": [
        {
          "schema_version": 0,
          "attributes": {
            "allow_merge_commit": true,
            "allow_rebase_merge": false,
            "allow_squash_merge": false,
            "archived": false,
            "auto_init": true,
            "default_branch": "master",
            "description": ":passport_control: :crown: :ballot_box_with_check: A passport.js strategy for GOV.UK Verify",
            "etag": "W/\"071ee027e5c852302e5cbda895c37f50\"",
            "full_name": "alphagov/passport-verify",
            "git_clone_url": "git://github.com/alphagov/passport-verify.git",
            "gitignore_template": null,
            "has_downloads": false,
            "has_issues": true,
            "has_projects": null,
            "has_wiki": true,
            "homepage_url": "",
            "html_url": "https://github.com/alphagov/passport-verify",
            "http_clone_url": "https://github.com/alphagov/passport-verify.git",
            "id": "passport-verify",
            "license_template": null,
            "name": "passport-verify",
            "private": false,
            "ssh_clone_url": "git@github.com:alphagov/passport-verify.git",
            "svn_url": "https://github.com/alphagov/passport-verify",
            "topics": [
              "verify"
            ]
          }
        }
      ]
    },
    {
      "module": "module.repo_doc_checking",
      "mode": "managed",
      "type": "github_repository",
      "name": "repo",
      "provider": "provider.github",
      "instances": [
        {
          "schema_version": 0,
          "attributes": {
            "allow_merge_commit": true,
            "allow_rebase_merge": false,
            "allow_squash_merge": false,
            "archived": false,
            "auto_init": true,
            "default_branch": "master",
            "description": "Verify Document Checking Service",
            "etag": "W/\"edae290c629705381a32391c9f310367\"",
            "full_name": "alphagov/doc-checking",
            "git_clone_url": "git://github.com/alphagov/doc-checking.git",
            "gitignore_template": null,
            "has_downloads": false,
            "has_issues": true,
            "has_projects": null,
            "has_wiki": true,
            "homepage_url": "",
            "html_url": "https://github.com/alphagov/doc-checking",
            "http_clone_url": "https://github.com/alphagov/doc-checking.git",
            "id": "doc-checking",
            "license_template": null,
            "name": "doc-checking",
            "private": true,
            "ssh_clone_url": "git@github.com:alphagov/doc-checking.git",
            "svn_url": "https://github.com/alphagov/doc-checking",
            "topics": [
              "verify"
            ]
          }
        }
      ]
    },
    {
      "module": "module.repo_verify_ansible",
      "mode": "managed",
      "type": "github_repository",
      "name": "repo",
      "provider": "provider.github",
      "instances": [
        {
          "schema_version": 0,
          "attributes": {
            "allow_merge_commit": true,
            "allow_rebase_merge": false,
            "allow_squash_merge": false,
            "archived": false,
            "auto_init": true,
            "default_branch": "master",
            "description": " Ansible for Verify ops ",
            "etag": "W/\"803b5ccc015955ce56edd1177eee71a1\"",
            "full_name": "alphagov/verify-ansible",
            "git_clone_url": "git://github.com/alphagov/verify-ansible.git",
            "gitignore_template": null,
            "has_downloads": false,
            "has_issues": true,
            "has_projects": null,
            "has_wiki": true,
            "homepage_url": "",
            "html_url": "https://github.com/alphagov/verify-ansible",
            "http_clone_url": "https://github.com/alphagov/verify-ansible.git",
            "id": "verify-ansible",
            "license_template": null,
            "name": "verify-ansible",
            "private": true,
            "ssh_clone_url": "git@github.com:alphagov/verify-ansible.git",
            "svn_url": "https://github.com/alphagov/verify-ansible",
            "topics": [
              "verify"
            ]
          }
        }
      ]
    },
    {
      "module": "module.repo_verify_service_provider",
      "mode": "managed",
      "type": "github_repository",
      "name": "repo",
      "provider": "provider.github",
      "instances": [
        {
          "schema_version": 0,
          "attributes": {
            "allow_merge_commit": true,
            "allow_rebase_merge": false,
            "allow_squash_merge": false,
            "archived": false,
            "auto_init": true,
            "default_branch": "master",
            "description": ":crown: :ballot_box_with_check: The easiest way to connect to GOV.UK Verify",
            "etag": "W/\"75f81c9f19086e88219f4dede6858424\"",
            "full_name": "alphagov/verify-service-provider",
            "git_clone_url": "git://github.com/alphagov/verify-service-provider.git",
            "gitignore_template": null,
            "has_downloads": false,
            "has_issues": true,
            "has_projects": null,
            "has_wiki": true,
            "homepage_url": "",
            "html_url": "https://github.com/alphagov/verify-service-provider",
            "http_clone_url": "https://github.com/alphagov/verify-service-provider.git",
            "id": "verify-service-provider",
            "license_template": null,
            "name": "verify-service-provider",
            "private": false,
            "ssh_clone_url": "git@github.com:alphagov/verify-service-provider.git",
            "svn_url": "https://github.com/alphagov/verify-service-provider",
            "topics": [
              "dropwizard",
              "verify"
            ]
          }
        }
      ]
    },
    {
      "module": "module.repo_verify_event_system_database_scripts",
      "mode": "managed",
      "type": "github_repository",
      "name": "repo",
      "provider": "provider.github",
      "instances": [
        {
          "schema_version": 0,
          "attributes": {
            "allow_merge_commit": true,
            "allow_rebase_merge": false,
            "allow_squash_merge": false,
            "archived": false,
            "auto_init": null,
            "default_branch": "master",
            "description": "SQL scripts and schemas for the Event System database",
            "etag": "W/\"469fda6f56e09021f3f24778f590f818\"",
            "full_name": "alphagov/verify-event-system-database-scripts",
            "git_clone_url": "git://github.com/alphagov/verify-event-system-database-scripts.git",
            "gitignore_template": null,
            "has_downloads": false,
            "has_issues": true,
            "has_projects": null,
            "has_wiki": true,
            "homepage_url": "",
            "html_url": "https://github.com/alphagov/verify-event-system-database-scripts",
            "http_clone_url": "https://github.com/alphagov/verify-event-system-database-scripts.git",
            "id": "verify-event-system-database-scripts",
            "license_template": null,
            "name": "verify-event-system-database-scripts",
            "private": false,
            "ssh_clone_url": "git@github.com:alphagov/verify-event-system-database-scripts.git",
            "svn_url": "https://github.com/alphagov/verify-event-system-database-scripts",
            "topics": []
          }
        }
      ]
    },
    {
      "module": "module.repo_verify_infrastructure",
      "mode": "managed",
      "type": "github_repository",
      "name": "repo",
      "provider": "provider.github",
      "instances": [
        {
          "schema_version": 0,
          "attributes": {
            "allow_merge_commit": true,
            "allow_rebase_merge": false,
            "allow_squash_merge": false,
            "archived": false,
            "auto_init": null,
            "default_branch": "master",
            "description": "Infrastructure code for Verify Hub ECS",
            "etag": "W/\"0073362f13c81fbacc44fa2a1ddb9b78\"",
            "full_name": "alphagov/verify-infrastructure",
            "git_clone_url": "git://github.com/alphagov/verify-infrastructure.git",
            "gitignore_template": null,
            "has_downloads": false,
            "has_issues": true,
            "has_projects": null,
            "has_wiki": true,
            "homepage_url": "",
            "html_url": "https://github.com/alphagov/verify-infrastructure",
            "http_clone_url": "https://github.com/alphagov/verify-infrastructure.git",
            "id": "verify-infrastructure",
            "license_template": null,
            "name": "verify-infrastructure",
            "private": false,
            "ssh_clone_url": "git@github.com:alphagov/verify-infrastructure.git",
            "svn_url": "https://github.com/alphagov/verify-infrastructure",
            "topics": []
          }
        }
      ]
    },
    {
      "module": "module.repo_verify_performance",
      "mode": "managed",
      "type": "github_repository",
      "name": "repo",
      "provider": "provider.github",
      "instances": [
        {
          "schema_version": 0,
          "attributes": {
            "allow_merge_commit": true,
            "allow_rebase_merge": false,
            "allow_squash_merge": false,
            "archived": false,
            "auto_init": true,
            "default_branch": "master",
            "description": "Repo for the Verify performance and data team",
            "etag": "W/\"6b0fd3572476e590db10f7cc1e195548\"",
            "full_name": "alphagov/verify-performance",
            "git_clone_url": "git://github.com/alphagov/verify-performance.git",
            "gitignore_template": null,
            "has_downloads": false,
            "has_issues": true,
            "has_projects": null,
            "has_wiki": true,
            "homepage_url": "",
            "html_url": "https://github.com/alphagov/verify-performance",
            "http_clone_url": "https://github.com/alphagov/verify-performance.git",
            "id": "verify-performance",
            "license_template": null,
            "name": "verify-performance",
            "private": true,
            "ssh_clone_url": "git@github.com:alphagov/verify-performance.git",
            "svn_url": "https://github.com/alphagov/verify-performance",
            "topics": [
              "verify"
            ]
          }
        }
      ]
    },
    {
      "module": "module.repo_dcs_client_acceptance_tests",
      "mode": "managed",
      "type": "github_repository",
      "name": "repo",
      "provider": "provider.github",
      "instances": [
        {
          "schema_version": 0,
          "attributes": {
            "allow_merge_commit": true,
            "allow_rebase_merge": false,
            "allow_squash_merge": false,
            "archived": false,
            "auto_init": true,
            "default_branch": "master",
            "description": "Acceptance tests for the DCS client - https://github.com/alphagov/dcs-client",
            "etag": "W/\"75a858dc0981f4c0a1b74dc6b2fb98ad\"",
            "full_name": "alphagov/dcs-client-acceptance-tests",
            "git_clone_url": "git://github.com/alphagov/dcs-client-acceptance-tests.git",
            "gitignore_template": null,
            "has_downloads": false,
            "has_issues": true,
            "has_projects": null,
            "has_wiki": true,
            "homepage_url": "",
            "html_url": "https://github.com/alphagov/dcs-client-acceptance-tests",
            "http_clone_url": "https://github.com/alphagov/dcs-client-acceptance-tests.git",
            "id": "dcs-client-acceptance-tests",
            "license_template": null,
            "name": "dcs-client-acceptance-tests",
            "private": true,
            "ssh_clone_url": "git@github.com:alphagov/dcs-client-acceptance-tests.git",
            "svn_url": "https://github.com/alphagov/dcs-client-acceptance-tests",
            "topics": [
              "verify"
            ]
          }
        }
      ]
    },
    {
      "module": "module.repo_verify_terraform",
      "mode": "managed",
      "type": "github_repository",
      "name": "repo",
      "provider": "provider.github",
      "instances": [
        {
          "schema_version": 0,
          "attributes": {
            "allow_merge_commit": true,
            "allow_rebase_merge": false,
            "allow_squash_merge": false,
            "archived": false,
            "auto_init": true,
            "default_branch": "master",
            "description": "Terraform code for GOV.UK Verify infrastructure",
            "etag": "W/\"116268153b212283585d638d525fa0a0\"",
            "full_name": "alphagov/verify-terraform",
            "git_clone_url": "git://github.com/alphagov/verify-terraform.git",
            "gitignore_template": null,
            "has_downloads": false,
            "has_issues": true,
            "has_projects": null,
            "has_wiki": true,
            "homepage_url": "",
            "html_url": "https://github.com/alphagov/verify-terraform",
            "http_clone_url": "https://github.com/alphagov/verify-terraform.git",
            "id": "verify-terraform",
            "license_template": null,
            "name": "verify-terraform",
            "private": true,
            "ssh_clone_url": "git@github.com:alphagov/verify-terraform.git",
            "svn_url": "https://github.com/alphagov/verify-terraform",
            "topics": [
              "verify"
            ]
          }
        }
      ]
    },
    {
      "module": "module.repo_verify_acceptance_tests",
      "mode": "managed",
      "type": "github_repository",
      "name": "repo",
      "provider": "provider.github",
      "instances": [
        {
          "schema_version": 0,
          "attributes": {
            "allow_merge_commit": true,
            "allow_rebase_merge": false,
            "allow_squash_merge": false,
            "archived": false,
            "auto_init": true,
            "default_branch": "master",
            "description": "End-to-end tests for the Verify Hub",
            "etag": "W/\"930c82c3adb55f69cb794fd40df00d1f\"",
            "full_name": "alphagov/verify-acceptance-tests",
            "git_clone_url": "git://github.com/alphagov/verify-acceptance-tests.git",
            "gitignore_template": null,
            "has_downloads": false,
            "has_issues": true,
            "has_projects": null,
            "has_wiki": true,
            "homepage_url": "",
            "html_url": "https://github.com/alphagov/verify-acceptance-tests",
            "http_clone_url": "https://github.com/alphagov/verify-acceptance-tests.git",
            "id": "verify-acceptance-tests",
            "license_template": null,
            "name": "verify-acceptance-tests",
            "private": false,
            "ssh_clone_url": "git@github.com:alphagov/verify-acceptance-tests.git",
            "svn_url": "https://github.com/alphagov/verify-acceptance-tests",
            "topics": [
              "verify"
            ]
          }
        }
      ]
    },
    {
      "module": "module.repo_verify_matomo_utils",
      "mode": "managed",
      "type": "github_repository",
      "name": "repo",
      "provider": "provider.github",
      "instances": [
        {
          "schema_version": 0,
          "attributes": {
            "allow_merge_commit": true,
            "allow_rebase_merge": false,
            "allow_squash_merge": false,
            "archived": false,
            "auto_init": true,
            "default_branch": "master",
            "description": "Collection of tools used for interacting with Matomo (formerly called Piwik)",
            "etag": "W/\"73ee498f5cb9f8c0a9219b1e157255d5\"",
            "full_name": "alphagov/verify-matomo-utils",
            "git_clone_url": "git://github.com/alphagov/verify-matomo-utils.git",
            "gitignore_template": null,
            "has_downloads": false,
            "has_issues": true,
            "has_projects": null,
            "has_wiki": true,
            "homepage_url": "",
            "html_url": "https://github.com/alphagov/verify-matomo-utils",
            "http_clone_url": "https://github.com/alphagov/verify-matomo-utils.git",
            "id": "verify-matomo-utils",
            "license_template": null,
            "name": "verify-matomo-utils",
            "private": false,
            "ssh_clone_url": "git@github.com:alphagov/verify-matomo-utils.git",
            "svn_url": "https://github.com/alphagov/verify-matomo-utils",
            "topics": []
          }
        }
      ]
    },
    {
      "module": "module.repo_verify_idp_pid_hasherator",
      "mode": "managed",
      "type": "github_repository",
      "name": "repo",
      "provider": "provider.github",
      "instances": [
        {
          "schema_version": 0,
          "attributes": {
            "allow_merge_commit": true,
            "allow_rebase_merge": false,
            "allow_squash_merge": false,
            "archived": false,
            "auto_init": null,
            "default_branch": "master",
            "description": "Hash event PIDs from IDP reports for reconciliation",
            "etag": "W/\"796ff29076036d97521294bff9523ec6\"",
            "full_name": "alphagov/verify-idp-pid-hasherator",
            "git_clone_url": "git://github.com/alphagov/verify-idp-pid-hasherator.git",
            "gitignore_template": null,
            "has_downloads": false,
            "has_issues": true,
            "has_projects": null,
            "has_wiki": true,
            "homepage_url": "",
            "html_url": "https://github.com/alphagov/verify-idp-pid-hasherator",
            "http_clone_url": "https://github.com/alphagov/verify-idp-pid-hasherator.git",
            "id": "verify-idp-pid-hasherator",
            "license_template": null,
            "name": "verify-idp-pid-hasherator",
            "private": false,
            "ssh_clone_url": "git@github.com:alphagov/verify-idp-pid-hasherator.git",
            "svn_url": "https://github.com/alphagov/verify-idp-pid-hasherator",
            "topics": []
          }
        }
      ]
    },
    {
      "module": "module.repo_verify_gradle",
      "mode": "managed",
      "type": "github_repository",
      "name": "repo",
      "provider": "provider.github",
      "instances": [
        {
          "schema_version": 0,
          "attributes": {
            "allow_merge_commit": true,
            "allow_rebase_merge": false,
            "allow_squash_merge": false,
            "archived": false,
            "auto_init": false,
            "default_branch": "master",
            "description": "Contains gradle plugins authored by the GOV.UK Verify team",
            "etag": "W/\"52eac7611e23e4658e6325c5794e5085\"",
            "full_name": "alphagov/verify-gradle",
            "git_clone_url": "git://github.com/alphagov/verify-gradle.git",
            "gitignore_template": null,
            "has_downloads": false,
            "has_issues": true,
            "has_projects": null,
            "has_wiki": true,
            "homepage_url": "",
            "html_url": "https://github.com/alphagov/verify-gradle",
            "http_clone_url": "https://github.com/alphagov/verify-gradle.git",
            "id": "verify-gradle",
            "license_template": null,
            "name": "verify-gradle",
            "private": false,
            "ssh_clone_url": "git@github.com:alphagov/verify-gradle.git",
            "svn_url": "https://github.com/alphagov/verify-gradle",
            "topics": null
          },
          "private": "bnVsbA=="
        }
      ]
    },
    {
      "module": "module.repo_verify_datascience_sandbox",
      "mode": "managed",
      "type": "github_repository",
      "name": "repo",
      "provider": "provider.github",
      "instances": [
        {
          "schema_version": 0,
          "attributes": {
            "allow_merge_commit": true,
            "allow_rebase_merge": false,
            "allow_squash_merge": false,
            "archived": false,
            "auto_init": null,
            "default_branch": "master",
            "description": "A repository for analysis of GOV.UK Verify data.",
            "etag": "W/\"85afeae34d74de4b925bc773e04d9c57\"",
            "full_name": "alphagov/verify-datascience-sandbox",
            "git_clone_url": "git://github.com/alphagov/verify-datascience-sandbox.git",
            "gitignore_template": null,
            "has_downloads": false,
            "has_issues": true,
            "has_projects": null,
            "has_wiki": true,
            "homepage_url": "",
            "html_url": "https://github.com/alphagov/verify-datascience-sandbox",
            "http_clone_url": "https://github.com/alphagov/verify-datascience-sandbox.git",
            "id": "verify-datascience-sandbox",
            "license_template": null,
            "name": "verify-datascience-sandbox",
            "private": true,
            "ssh_clone_url": "git@github.com:alphagov/verify-datascience-sandbox.git",
            "svn_url": "https://github.com/alphagov/verify-datascience-sandbox",
            "topics": []
          }
        }
      ]
    },
    {
      "module": "module.repo_verify_rp_environment_config_form",
      "mode": "managed",
      "type": "github_repository",
      "name": "repo",
      "provider": "provider.github",
      "instances": [
        {
          "schema_version": 0,
          "attributes": {
            "allow_merge_commit": true,
            "allow_rebase_merge": false,
            "allow_squash_merge": false,
            "archived": false,
            "auto_init": true,
            "default_branch": "master",
            "description": " :page_with_curl: The form for relying parties to provide Verify with environment configuration",
            "etag": "W/\"dc34f83b58bf663c72985ac185d6211a\"",
            "full_name": "alphagov/verify-rp-environment-config-form",
            "git_clone_url": "git://github.com/alphagov/verify-rp-environment-config-form.git",
            "gitignore_template": null,
            "has_downloads": false,
            "has_issues": true,
            "has_projects": null,
            "has_wiki": true,
            "homepage_url": "",
            "html_url": "https://github.com/alphagov/verify-rp-environment-config-form",
            "http_clone_url": "https://github.com/alphagov/verify-rp-environment-config-form.git",
            "id": "verify-rp-environment-config-form",
            "license_template": null,
            "name": "verify-rp-environment-config-form",
            "private": false,
            "ssh_clone_url": "git@github.com:alphagov/verify-rp-environment-config-form.git",
            "svn_url": "https://github.com/alphagov/verify-rp-environment-config-form",
            "topics": [
              "verify"
            ]
          }
        }
      ]
    },
    {
      "module": "module.repo_verify_data_schemas",
      "mode": "managed",
      "type": "github_repository",
      "name": "repo",
      "provider": "provider.github",
      "instances": [
        {
          "schema_version": 0,
          "attributes": {
            "allow_merge_commit": true,
            "allow_rebase_merge": false,
            "allow_squash_merge": false,
            "archived": true,
            "auto_init": true,
            "default_branch": "master",
            "description": "YAML specifications for Verify data",
            "etag": "W/\"485c2b694b3eeec1b50ff16086733dce\"",
            "full_name": "alphagov/verify-data-schemas",
            "git_clone_url": "git://github.com/alphagov/verify-data-schemas.git",
            "gitignore_template": null,
            "has_downloads": false,
            "has_issues": true,
            "has_projects": null,
            "has_wiki": true,
            "homepage_url": "",
            "html_url": "https://github.com/alphagov/verify-data-schemas",
            "http_clone_url": "https://github.com/alphagov/verify-data-schemas.git",
            "id": "verify-data-schemas",
            "license_template": null,
            "name": "verify-data-schemas",
            "private": false,
            "ssh_clone_url": "git@github.com:alphagov/verify-data-schemas.git",
            "svn_url": "https://github.com/alphagov/verify-data-schemas",
            "topics": [
              "verify"
            ]
          }
        }
      ]
    },
    {
      "module": "module.repo_verify_event_emitter_loader",
      "mode": "managed",
      "type": "github_repository",
      "name": "repo",
      "provider": "provider.github",
      "instances": [
        {
          "schema_version": 0,
          "attributes": {
            "allow_merge_commit": true,
            "allow_rebase_merge": false,
            "allow_squash_merge": false,
            "archived": false,
            "auto_init": null,
            "default_branch": "master",
            "description": "Create encrypted events in a given queue",
            "etag": "W/\"1c1b4cbe067787675f5ddb78af1cbb97\"",
            "full_name": "alphagov/verify-event-emitter-loader",
            "git_clone_url": "git://github.com/alphagov/verify-event-emitter-loader.git",
            "gitignore_template": null,
            "has_downloads": false,
            "has_issues": true,
            "has_projects": null,
            "has_wiki": true,
            "homepage_url": "",
            "html_url": "https://github.com/alphagov/verify-event-emitter-loader",
            "http_clone_url": "https://github.com/alphagov/verify-event-emitter-loader.git",
            "id": "verify-event-emitter-loader",
            "license_template": null,
            "name": "verify-event-emitter-loader",
            "private": false,
            "ssh_clone_url": "git@github.com:alphagov/verify-event-emitter-loader.git",
            "svn_url": "https://github.com/alphagov/verify-event-emitter-loader",
            "topics": []
          }
        }
      ]
    },
    {
      "module": "module.repo_metadata_checker",
      "mode": "managed",
      "type": "github_repository",
      "name": "repo",
      "provider": "provider.github",
      "instances": [
        {
          "schema_version": 0,
          "attributes": {
            "allow_merge_commit": true,
            "allow_rebase_merge": false,
            "allow_squash_merge": false,
            "archived": false,
            "auto_init": null,
            "default_branch": "master",
            "description": "Tools for parsing and monitoring SAML metadata",
            "etag": "W/\"fae116ffa93ad27446dda5696383487a\"",
            "full_name": "alphagov/metadata-checker",
            "git_clone_url": "git://github.com/alphagov/metadata-checker.git",
            "gitignore_template": null,
            "has_downloads": false,
            "has_issues": true,
            "has_projects": null,
            "has_wiki": true,
            "homepage_url": "",
            "html_url": "https://github.com/alphagov/metadata-checker",
            "http_clone_url": "https://github.com/alphagov/metadata-checker.git",
            "id": "metadata-checker",
            "license_template": null,
            "name": "metadata-checker",
            "private": false,
            "ssh_clone_url": "git@github.com:alphagov/metadata-checker.git",
            "svn_url": "https://github.com/alphagov/metadata-checker",
            "topics": [
              "verify"
            ]
          }
        }
      ]
    },
    {
      "module": "module.repo_verify_frontend",
      "mode": "managed",
      "type": "github_repository",
      "name": "repo",
      "provider": "provider.github",
      "instances": [
        {
          "schema_version": 0,
          "attributes": {
            "allow_merge_commit": true,
            "allow_rebase_merge": false,
            "allow_squash_merge": false,
            "archived": false,
            "auto_init": true,
            "default_branch": "master",
            "description": "The frontend service for GOV.UK Verify",
            "etag": "W/\"c11fb7846d04e72c68889b0736848ceb\"",
            "full_name": "alphagov/verify-frontend",
            "git_clone_url": "git://github.com/alphagov/verify-frontend.git",
            "gitignore_template": null,
            "has_downloads": false,
            "has_issues": true,
            "has_projects": null,
            "has_wiki": true,
            "homepage_url": "",
            "html_url": "https://github.com/alphagov/verify-frontend",
            "http_clone_url": "https://github.com/alphagov/verify-frontend.git",
            "id": "verify-frontend",
            "license_template": null,
            "name": "verify-frontend",
            "private": false,
            "ssh_clone_url": "git@github.com:alphagov/verify-frontend.git",
            "svn_url": "https://github.com/alphagov/verify-frontend",
            "topics": [
              "frontend",
              "verify"
            ]
          }
        }
      ]
    },
    {
      "module": "module.repo_verify_il3_laptop_bootstrap",
      "mode": "managed",
      "type": "github_repository",
      "name": "repo",
      "provider": "provider.github",
      "instances": [
        {
          "schema_version": 0,
          "attributes": {
            "allow_merge_commit": true,
            "allow_rebase_merge": false,
            "allow_squash_merge": false,
            "archived": false,
            "auto_init": true,
            "default_branch": "master",
            "description": "A simple set of shell scripts to set up a secure build laptop for Verify",
            "etag": "W/\"ce4273c0bb42ae064175786abf734fc8\"",
            "full_name": "alphagov/verify-il3-laptop-bootstrap",
            "git_clone_url": "git://github.com/alphagov/verify-il3-laptop-bootstrap.git",
            "gitignore_template": null,
            "has_downloads": false,
            "has_issues": true,
            "has_projects": null,
            "has_wiki": true,
            "homepage_url": "",
            "html_url": "https://github.com/alphagov/verify-il3-laptop-bootstrap",
            "http_clone_url": "https://github.com/alphagov/verify-il3-laptop-bootstrap.git",
            "id": "verify-il3-laptop-bootstrap",
            "license_template": null,
            "name": "verify-il3-laptop-bootstrap",
            "private": true,
            "ssh_clone_url": "git@github.com:alphagov/verify-il3-laptop-bootstrap.git",
            "svn_url": "https://github.com/alphagov/verify-il3-laptop-bootstrap",
            "topics": [
              "verify"
            ]
          }
        }
      ]
    },
    {
      "module": "module.repo_verify_release_logs",
      "mode": "managed",
      "type": "github_repository",
      "name": "repo",
      "provider": "provider.github",
      "instances": [
        {
          "schema_version": 0,
          "attributes": {
            "allow_merge_commit": true,
            "allow_rebase_merge": false,
            "allow_squash_merge": false,
            "archived": false,
            "auto_init": null,
            "default_branch": "master",
            "description": "Logs of releases generated from the verify-release-automation tool",
            "etag": "W/\"4a902791b41d42faf610b4742c342248\"",
            "full_name": "alphagov/verify-release-logs",
            "git_clone_url": "git://github.com/alphagov/verify-release-logs.git",
            "gitignore_template": null,
            "has_downloads": false,
            "has_issues": true,
            "has_projects": null,
            "has_wiki": true,
            "homepage_url": "",
            "html_url": "https://github.com/alphagov/verify-release-logs",
            "http_clone_url": "https://github.com/alphagov/verify-release-logs.git",
            "id": "verify-release-logs",
            "license_template": null,
            "name": "verify-release-logs",
            "private": true,
            "ssh_clone_url": "git@github.com:alphagov/verify-release-logs.git",
            "svn_url": "https://github.com/alphagov/verify-release-logs",
            "topics": [
              "verify"
            ]
          }
        }
      ]
    },
    {
      "module": "module.repo_dcs_client",
      "mode": "managed",
      "type": "github_repository",
      "name": "repo",
      "provider": "provider.github",
      "instances": [
        {
          "schema_version": 0,
          "attributes": {
            "allow_merge_commit": true,
            "allow_rebase_merge": false,
            "allow_squash_merge": false,
            "archived": false,
            "auto_init": true,
            "default_branch": "master",
            "description": "A client for the Document Checking Service",
            "etag": "W/\"e77156f02e4ce35fb742367b6b21d4e2\"",
            "full_name": "alphagov/dcs-client",
            "git_clone_url": "git://github.com/alphagov/dcs-client.git",
            "gitignore_template": null,
            "has_downloads": false,
            "has_issues": true,
            "has_projects": null,
            "has_wiki": true,
            "homepage_url": "",
            "html_url": "https://github.com/alphagov/dcs-client",
            "http_clone_url": "https://github.com/alphagov/dcs-client.git",
            "id": "dcs-client",
            "license_template": null,
            "name": "dcs-client",
            "private": false,
            "ssh_clone_url": "git@github.com:alphagov/dcs-client.git",
            "svn_url": "https://github.com/alphagov/dcs-client",
            "topics": [
              "dcs",
              "verify"
            ]
          }
        }
      ]
    },
    {
      "module": "module.repo_verify_idp_predictor",
      "mode": "managed",
      "type": "github_repository",
      "name": "repo",
      "provider": "provider.github",
      "instances": [
        {
          "schema_version": 0,
          "attributes": {
            "allow_merge_commit": true,
            "allow_rebase_merge": false,
            "allow_squash_merge": false,
            "archived": false,
            "auto_init": null,
            "default_branch": "master",
            "description": "The IDP Predictor for GOV.UK Verify.",
            "etag": "W/\"54e4f352b32a025188250595085bd5bb\"",
            "full_name": "alphagov/verify-idp-predictor",
            "git_clone_url": "git://github.com/alphagov/verify-idp-predictor.git",
            "gitignore_template": null,
            "has_downloads": false,
            "has_issues": true,
            "has_projects": null,
            "has_wiki": true,
            "homepage_url": "",
            "html_url": "https://github.com/alphagov/verify-idp-predictor",
            "http_clone_url": "https://github.com/alphagov/verify-idp-predictor.git",
            "id": "verify-idp-predictor",
            "license_template": null,
            "name": "verify-idp-predictor",
            "private": true,
            "ssh_clone_url": "git@github.com:alphagov/verify-idp-predictor.git",
            "svn_url": "https://github.com/alphagov/verify-idp-predictor",
            "topics": []
          }
        }
      ]
    },
    {
      "module": "module.repo_verify_test_repo",
      "mode": "managed",
      "type": "github_repository",
      "name": "repo",
      "provider": "provider.github",
      "instances": [
        {
          "schema_version": 0,
          "attributes": {
            "allow_merge_commit": true,
            "allow_rebase_merge": false,
            "allow_squash_merge": false,
            "archived": false,
            "auto_init": true,
            "default_branch": "master",
            "description": "Test repo",
            "etag": "W/\"ab39f1913e9b6973b9b65f748ebcff4f\"",
            "full_name": "alphagov/verify-test-repo",
            "git_clone_url": "git://github.com/alphagov/verify-test-repo.git",
            "gitignore_template": null,
            "has_downloads": false,
            "has_issues": true,
            "has_projects": null,
            "has_wiki": true,
            "homepage_url": "",
            "html_url": "https://github.com/alphagov/verify-test-repo",
            "http_clone_url": "https://github.com/alphagov/verify-test-repo.git",
            "id": "verify-test-repo",
            "license_template": null,
            "name": "verify-test-repo",
            "private": false,
            "ssh_clone_url": "git@github.com:alphagov/verify-test-repo.git",
            "svn_url": "https://github.com/alphagov/verify-test-repo",
            "topics": []
          }
        }
      ]
    },
    {
      "module": "module.repo_splunk_library_javalogging",
      "mode": "managed",
      "type": "github_repository",
      "name": "repo",
      "provider": "provider.github",
      "instances": [
        {
          "schema_version": 0,
          "attributes": {
            "allow_merge_commit": true,
            "allow_rebase_merge": false,
            "allow_squash_merge": false,
            "archived": false,
            "auto_init": false,
            "default_branch": "master",
            "description": "",
            "etag": "W/\"adcc33a0c6d377bd81ca1a28f47d61bc\"",
            "full_name": "alphagov/splunk-library-javalogging",
            "git_clone_url": "git://github.com/alphagov/splunk-library-javalogging.git",
            "gitignore_template": null,
            "has_downloads": false,
            "has_issues": true,
            "has_projects": null,
            "has_wiki": true,
            "homepage_url": "",
            "html_url": "https://github.com/alphagov/splunk-library-javalogging",
            "http_clone_url": "https://github.com/alphagov/splunk-library-javalogging.git",
            "id": "splunk-library-javalogging",
            "license_template": null,
            "name": "splunk-library-javalogging",
            "private": false,
            "ssh_clone_url": "git@github.com:alphagov/splunk-library-javalogging.git",
            "svn_url": "https://github.com/alphagov/splunk-library-javalogging",
            "topics": []
          }
        }
      ]
    },
    {
      "module": "module.repo_verify_puppet",
      "mode": "managed",
      "type": "github_repository",
      "name": "repo",
      "provider": "provider.github",
      "instances": [
        {
          "schema_version": 0,
          "attributes": {
            "allow_merge_commit": true,
            "allow_rebase_merge": false,
            "allow_squash_merge": false,
            "archived": false,
            "auto_init": true,
            "default_branch": "master",
            "description": "Puppet code for GOV.UK Verify",
            "etag": "W/\"f8e2f1bb9f636854d243382073139982\"",
            "full_name": "alphagov/verify-puppet",
            "git_clone_url": "git://github.com/alphagov/verify-puppet.git",
            "gitignore_template": null,
            "has_downloads": false,
            "has_issues": true,
            "has_projects": null,
            "has_wiki": true,
            "homepage_url": "",
            "html_url": "https://github.com/alphagov/verify-puppet",
            "http_clone_url": "https://github.com/alphagov/verify-puppet.git",
            "id": "verify-puppet",
            "license_template": null,
            "name": "verify-puppet",
            "private": true,
            "ssh_clone_url": "git@github.com:alphagov/verify-puppet.git",
            "svn_url": "https://github.com/alphagov/verify-puppet",
            "topics": [
              "verify"
            ]
          }
        }
      ]
    },
    {
      "module": "module.repo_verify_self_service",
      "mode": "managed",
      "type": "github_repository",
      "name": "repo",
      "provider": "provider.github",
      "instances": [
        {
          "schema_version": 0,
          "attributes": {
            "allow_merge_commit": true,
            "allow_rebase_merge": false,
            "allow_squash_merge": false,
            "archived": false,
            "auto_init": null,
            "default_branch": "master",
            "description": "Verify self-service platform",
            "etag": "W/\"396db6852e9c0cb73d4f0d815c1752e9\"",
            "full_name": "alphagov/verify-self-service",
            "git_clone_url": "git://github.com/alphagov/verify-self-service.git",
            "gitignore_template": null,
            "has_downloads": false,
            "has_issues": true,
            "has_projects": null,
            "has_wiki": true,
            "homepage_url": "",
            "html_url": "https://github.com/alphagov/verify-self-service",
            "http_clone_url": "https://github.com/alphagov/verify-self-service.git",
            "id": "verify-self-service",
            "license_template": null,
            "name": "verify-self-service",
            "private": false,
            "ssh_clone_url": "git@github.com:alphagov/verify-self-service.git",
            "svn_url": "https://github.com/alphagov/verify-self-service",
            "topics": [
              "verify"
            ]
          }
        }
      ]
    },
    {
      "module": "module.repo_verify_performance_scripts",
      "mode": "managed",
      "type": "github_repository",
      "name": "repo",
      "provider": "provider.github",
      "instances": [
        {
          "schema_version": 0,
          "attributes": {
            "allow_merge_commit": true,
            "allow_rebase_merge": false,
            "allow_squash_merge": false,
            "archived": false,
            "auto_init": true,
            "default_branch": "master",
            "description": "Scripts related to verify performance",
            "etag": "W/\"6e3eb89bbba5185694fd94e9b6e9b37f\"",
            "full_name": "alphagov/verify-performance-scripts",
            "git_clone_url": "git://github.com/alphagov/verify-performance-scripts.git",
            "gitignore_template": null,
            "has_downloads": false,
            "has_issues": true,
            "has_projects": null,
            "has_wiki": true,
            "homepage_url": "",
            "html_url": "https://github.com/alphagov/verify-performance-scripts",
            "http_clone_url": "https://github.com/alphagov/verify-performance-scripts.git",
            "id": "verify-performance-scripts",
            "license_template": null,
            "name": "verify-performance-scripts",
            "private": false,
            "ssh_clone_url": "git@github.com:alphagov/verify-performance-scripts.git",
            "svn_url": "https://github.com/alphagov/verify-performance-scripts",
            "topics": []
          }
        }
      ]
    },
    {
      "module": "module.repo_dropwizard_logstash",
      "mode": "managed",
      "type": "github_repository",
      "name": "repo",
      "provider": "provider.github",
      "instances": [
        {
          "schema_version": 0,
          "attributes": {
            "allow_merge_commit": true,
            "allow_rebase_merge": false,
            "allow_squash_merge": false,
            "archived": false,
            "auto_init": false,
            "default_branch": "master",
            "description": "Dropwizard extension that supports logstash format with various appenders",
            "etag": "W/\"7c9fee02b0a42a642bca464cf4f30efa\"",
            "full_name": "alphagov/dropwizard-logstash",
            "git_clone_url": "git://github.com/alphagov/dropwizard-logstash.git",
            "gitignore_template": null,
            "has_downloads": false,
            "has_issues": true,
            "has_projects": null,
            "has_wiki": true,
            "homepage_url": "",
            "html_url": "https://github.com/alphagov/dropwizard-logstash",
            "http_clone_url": "https://github.com/alphagov/dropwizard-logstash.git",
            "id": "dropwizard-logstash",
            "license_template": null,
            "name": "dropwizard-logstash",
            "private": false,
            "ssh_clone_url": "git@github.com:alphagov/dropwizard-logstash.git",
            "svn_url": "https://github.com/alphagov/dropwizard-logstash",
            "topics": [
              "verify"
            ]
          },
          "private": "bnVsbA=="
        }
      ]
    },
    {
      "module": "module.repo_verify_event_infrastructure",
      "mode": "managed",
      "type": "github_repository_collaborator",
      "name": "repo_collaborator_admin",
      "each": "list",
      "provider": "provider.github",
      "instances": [
        {
          "index_key": 0,
          "schema_version": 0,
          "attributes": {
            "id": "verify-event-infrastructure:ida-build-bot",
            "invitation_id": null,
            "permission": "admin",
            "repository": "verify-event-infrastructure",
            "username": "ida-build-bot"
          },
          "private": "bnVsbA==",
          "depends_on": [
            "github_repository.repo"
          ]
        }
      ]
    },
    {
      "module": "module.repo_verify_data_pipeline_config",
      "mode": "managed",
      "type": "github_repository_collaborator",
      "name": "repo_collaborator_admin",
      "each": "list",
      "provider": "provider.github",
      "instances": []
    },
    {
      "module": "module.repo_ida_compliance_tool",
      "mode": "managed",
      "type": "github_repository_collaborator",
      "name": "repo_collaborator_admin",
      "each": "list",
      "provider": "provider.github",
      "instances": []
    },
    {
      "module": "module.repo_verify_packages",
      "mode": "managed",
      "type": "github_repository_collaborator",
      "name": "repo_collaborator_admin",
      "each": "list",
      "provider": "provider.github",
      "instances": []
    },
    {
      "module": "module.repo_verify_fabric",
      "mode": "managed",
      "type": "github_repository_collaborator",
      "name": "repo_collaborator_admin",
      "each": "list",
      "provider": "provider.github",
      "instances": []
    },
    {
      "module": "module.repo_dcs_performance_tests",
      "mode": "managed",
      "type": "github_repository_collaborator",
      "name": "repo_collaborator_admin",
      "each": "list",
      "provider": "provider.github",
      "instances": []
    },
    {
      "module": "module.repo_verify_local_matching_service_example",
      "mode": "managed",
      "type": "github_repository_collaborator",
      "name": "repo_collaborator_admin",
      "each": "list",
      "provider": "provider.github",
      "instances": []
    },
    {
      "module": "module.repo_verify_hub",
      "mode": "managed",
      "type": "github_repository_collaborator",
      "name": "repo_collaborator_admin",
      "each": "list",
      "provider": "provider.github",
      "instances": []
    },
    {
      "module": "module.repo_verify_token_service",
      "mode": "managed",
      "type": "github_repository_collaborator",
      "name": "repo_collaborator_admin",
      "each": "list",
      "provider": "provider.github",
      "instances": []
    },
    {
      "module": "module.repo_verify_proxy_node_infra",
      "mode": "managed",
      "type": "github_repository_collaborator",
      "name": "repo_collaborator_admin",
      "each": "list",
      "provider": "provider.github",
      "instances": []
    },
    {
      "module": "module.repo_ida_hub_support",
      "mode": "managed",
      "type": "github_repository_collaborator",
      "name": "repo_collaborator_admin",
      "each": "list",
      "provider": "provider.github",
      "instances": []
    },
    {
      "module": "module.repo_verify_release_automation",
      "mode": "managed",
      "type": "github_repository_collaborator",
      "name": "repo_collaborator_admin",
      "each": "list",
      "provider": "provider.github",
      "instances": []
    },
    {
      "module": "module.repo_verify_utils_libs",
      "mode": "managed",
      "type": "github_repository_collaborator",
      "name": "repo_collaborator_admin",
      "each": "list",
      "provider": "provider.github",
      "instances": []
    },
    {
      "module": "module.repo_verify_support_form",
      "mode": "managed",
      "type": "github_repository_collaborator",
      "name": "repo_collaborator_admin",
      "each": "list",
      "provider": "provider.github",
      "instances": []
    },
    {
      "module": "module.repo_verify_architecture",
      "mode": "managed",
      "type": "github_repository_collaborator",
      "name": "repo_collaborator_admin",
      "each": "list",
      "provider": "provider.github",
      "instances": []
    },
    {
      "module": "module.repo_verify_test_rp",
      "mode": "managed",
      "type": "github_repository_collaborator",
      "name": "repo_collaborator_admin",
      "each": "list",
      "provider": "provider.github",
      "instances": []
    },
    {
      "module": "module.repo_passport_verify_stub_relying_party",
      "mode": "managed",
      "type": "github_repository_collaborator",
      "name": "repo_collaborator_admin",
      "each": "list",
      "provider": "provider.github",
      "instances": []
    },
    {
      "module": "module.repo_verify_data_pipeline",
      "mode": "managed",
      "type": "github_repository_collaborator",
      "name": "repo_collaborator_admin",
      "each": "list",
      "provider": "provider.github",
      "instances": []
    },
    {
      "module": "module.repo_verify_hub_federation_config",
      "mode": "managed",
      "type": "github_repository_collaborator",
      "name": "repo_collaborator_admin",
      "each": "list",
      "provider": "provider.github",
      "instances": []
    },
    {
      "module": "module.repo_verify_dashing",
      "mode": "managed",
      "type": "github_repository_collaborator",
      "name": "repo_collaborator_admin",
      "each": "list",
      "provider": "provider.github",
      "instances": []
    },
    {
      "module": "module.repo_verify_event_system_alarm_notifier",
      "mode": "managed",
      "type": "github_repository_collaborator",
      "name": "repo_collaborator_admin",
      "each": "list",
      "provider": "provider.github",
      "instances": []
    },
    {
      "module": "module.repo_verify_local_startup",
      "mode": "managed",
      "type": "github_repository_collaborator",
      "name": "repo_collaborator_admin",
      "each": "list",
      "provider": "provider.github",
      "instances": []
    },
    {
      "module": "module.repo_verify_metadata",
      "mode": "managed",
      "type": "github_repository_collaborator",
      "name": "repo_collaborator_admin",
      "each": "list",
      "provider": "provider.github",
      "instances": []
    },
    {
      "module": "module.repo_verify_frontend_federation_config",
      "mode": "managed",
      "type": "github_repository_collaborator",
      "name": "repo_collaborator_admin",
      "each": "list",
      "provider": "provider.github",
      "instances": []
    },
    {
      "module": "module.repo_verify_boxes",
      "mode": "managed",
      "type": "github_repository_collaborator",
      "name": "repo_collaborator_admin",
      "each": "list",
      "provider": "provider.github",
      "instances": []
    },
    {
      "module": "module.repo_verify_saml_libs",
      "mode": "managed",
      "type": "github_repository_collaborator",
      "name": "repo_collaborator_admin",
      "each": "list",
      "provider": "provider.github",
      "instances": []
    },
    {
      "module": "module.repo_verify_german_eidas_middleware",
      "mode": "managed",
      "type": "github_repository_collaborator",
      "name": "repo_collaborator_admin",
      "each": "list",
      "provider": "provider.github",
      "instances": []
    },
    {
      "module": "module.repo_verify_tech_team",
      "mode": "managed",
      "type": "github_repository_collaborator",
      "name": "repo_collaborator_admin",
      "each": "list",
      "provider": "provider.github",
      "instances": []
    },
    {
      "module": "module.repo_verify_self_service_infrastructure",
      "mode": "managed",
      "type": "github_repository_collaborator",
      "name": "repo_collaborator_admin",
      "each": "list",
      "provider": "provider.github",
      "instances": []
    },
    {
      "module": "module.repo_verify_stub_idp_federation_config",
      "mode": "managed",
      "type": "github_repository_collaborator",
      "name": "repo_collaborator_admin",
      "each": "list",
      "provider": "provider.github",
      "instances": []
    },
    {
      "module": "module.repo_verify_eidas_mw_run",
      "mode": "managed",
      "type": "github_repository_collaborator",
      "name": "repo_collaborator_admin",
      "each": "list",
      "provider": "provider.github",
      "instances": []
    },
    {
      "module": "module.repo_verify_matching_service_adapter",
      "mode": "managed",
      "type": "github_repository_collaborator",
      "name": "repo_collaborator_admin",
      "each": "list",
      "provider": "provider.github",
      "instances": []
    },
    {
      "module": "module.repo_verify_blackbox_passwords",
      "mode": "managed",
      "type": "github_repository_collaborator",
      "name": "repo_collaborator_admin",
      "each": "list",
      "provider": "provider.github",
      "instances": []
    },
    {
      "module": "module.repo_ida_hub_acceptance_tests",
      "mode": "managed",
      "type": "github_repository_collaborator",
      "name": "repo_collaborator_admin",
      "each": "list",
      "provider": "provider.github",
      "instances": []
    },
    {
      "module": "module.repo_verify_eidas_metadata_aggregator",
      "mode": "managed",
      "type": "github_repository_collaborator",
      "name": "repo_collaborator_admin",
      "each": "list",
      "provider": "provider.github",
      "instances": []
    },
    {
      "module": "module.repo_verify_proxy_node",
      "mode": "managed",
      "type": "github_repository_collaborator",
      "name": "repo_collaborator_admin",
      "each": "list",
      "provider": "provider.github",
      "instances": []
    },
    {
      "module": "module.repo_verify_event_recorder_service",
      "mode": "managed",
      "type": "github_repository_collaborator",
      "name": "repo_collaborator_admin",
      "each": "list",
      "provider": "provider.github",
      "instances": []
    },
    {
      "module": "module.repo_verify_build_scripts",
      "mode": "managed",
      "type": "github_repository_collaborator",
      "name": "repo_collaborator_admin",
      "each": "list",
      "provider": "provider.github",
      "instances": []
    },
    {
      "module": "module.repo_verify_eidas_mw_config_generator",
      "mode": "managed",
      "type": "github_repository_collaborator",
      "name": "repo_collaborator_admin",
      "each": "list",
      "provider": "provider.github",
      "instances": []
    },
    {
      "module": "module.repo_verify_stub_idp",
      "mode": "managed",
      "type": "github_repository_collaborator",
      "name": "repo_collaborator_admin",
      "each": "list",
      "provider": "provider.github",
      "instances": []
    },
    {
      "module": "module.repo_verify_team_manual",
      "mode": "managed",
      "type": "github_repository_collaborator",
      "name": "repo_collaborator_admin",
      "each": "list",
      "provider": "provider.github",
      "instances": []
    },
    {
      "module": "module.repo_verify_jenkins_job_builder",
      "mode": "managed",
      "type": "github_repository_collaborator",
      "name": "repo_collaborator_admin",
      "each": "list",
      "provider": "provider.github",
      "instances": []
    },
    {
      "module": "module.repo_verify_eidas_trust_anchor",
      "mode": "managed",
      "type": "github_repository_collaborator",
      "name": "repo_collaborator_admin",
      "each": "list",
      "provider": "provider.github",
      "instances": []
    },
    {
      "module": "module.repo_verify_infrastructure_config",
      "mode": "managed",
      "type": "github_repository_collaborator",
      "name": "repo_collaborator_admin",
      "each": "list",
      "provider": "provider.github",
      "instances": []
    },
    {
      "module": "module.repo_ida_performance_tests",
      "mode": "managed",
      "type": "github_repository_collaborator",
      "name": "repo_collaborator_admin",
      "each": "list",
      "provider": "provider.github",
      "instances": []
    },
    {
      "module": "module.repo_verify_event_emitter",
      "mode": "managed",
      "type": "github_repository_collaborator",
      "name": "repo_collaborator_admin",
      "each": "list",
      "provider": "provider.github",
      "instances": []
    },
    {
      "module": "module.repo_verify_product_page",
      "mode": "managed",
      "type": "github_repository_collaborator",
      "name": "repo_collaborator_admin",
      "each": "list",
      "provider": "provider.github",
      "instances": []
    },
    {
      "module": "module.repo_passport_verify",
      "mode": "managed",
      "type": "github_repository_collaborator",
      "name": "repo_collaborator_admin",
      "each": "list",
      "provider": "provider.github",
      "instances": []
    },
    {
      "module": "module.repo_doc_checking",
      "mode": "managed",
      "type": "github_repository_collaborator",
      "name": "repo_collaborator_admin",
      "each": "list",
      "provider": "provider.github",
      "instances": []
    },
    {
      "module": "module.repo_verify_ansible",
      "mode": "managed",
      "type": "github_repository_collaborator",
      "name": "repo_collaborator_admin",
      "each": "list",
      "provider": "provider.github",
      "instances": []
    },
    {
      "module": "module.repo_verify_service_provider",
      "mode": "managed",
      "type": "github_repository_collaborator",
      "name": "repo_collaborator_admin",
      "each": "list",
      "provider": "provider.github",
      "instances": []
    },
    {
      "module": "module.repo_verify_event_system_database_scripts",
      "mode": "managed",
      "type": "github_repository_collaborator",
      "name": "repo_collaborator_admin",
      "each": "list",
      "provider": "provider.github",
      "instances": []
    },
    {
      "module": "module.repo_verify_infrastructure",
      "mode": "managed",
      "type": "github_repository_collaborator",
      "name": "repo_collaborator_admin",
      "each": "list",
      "provider": "provider.github",
      "instances": []
    },
    {
      "module": "module.repo_verify_performance",
      "mode": "managed",
      "type": "github_repository_collaborator",
      "name": "repo_collaborator_admin",
      "each": "list",
      "provider": "provider.github",
      "instances": []
    },
    {
      "module": "module.repo_dcs_client_acceptance_tests",
      "mode": "managed",
      "type": "github_repository_collaborator",
      "name": "repo_collaborator_admin",
      "each": "list",
      "provider": "provider.github",
      "instances": []
    },
    {
      "module": "module.repo_verify_terraform",
      "mode": "managed",
      "type": "github_repository_collaborator",
      "name": "repo_collaborator_admin",
      "each": "list",
      "provider": "provider.github",
      "instances": []
    },
    {
      "module": "module.repo_verify_acceptance_tests",
      "mode": "managed",
      "type": "github_repository_collaborator",
      "name": "repo_collaborator_admin",
      "each": "list",
      "provider": "provider.github",
      "instances": []
    },
    {
      "module": "module.repo_verify_matomo_utils",
      "mode": "managed",
      "type": "github_repository_collaborator",
      "name": "repo_collaborator_admin",
      "each": "list",
      "provider": "provider.github",
      "instances": []
    },
    {
      "module": "module.repo_verify_idp_pid_hasherator",
      "mode": "managed",
      "type": "github_repository_collaborator",
      "name": "repo_collaborator_admin",
      "each": "list",
      "provider": "provider.github",
      "instances": []
    },
    {
      "module": "module.repo_verify_gradle",
      "mode": "managed",
      "type": "github_repository_collaborator",
      "name": "repo_collaborator_admin",
      "each": "list",
      "provider": "provider.github",
      "instances": []
    },
    {
      "module": "module.repo_verify_datascience_sandbox",
      "mode": "managed",
      "type": "github_repository_collaborator",
      "name": "repo_collaborator_admin",
      "each": "list",
      "provider": "provider.github",
      "instances": []
    },
    {
      "module": "module.repo_verify_rp_environment_config_form",
      "mode": "managed",
      "type": "github_repository_collaborator",
      "name": "repo_collaborator_admin",
      "each": "list",
      "provider": "provider.github",
      "instances": []
    },
    {
      "module": "module.repo_verify_data_schemas",
      "mode": "managed",
      "type": "github_repository_collaborator",
      "name": "repo_collaborator_admin",
      "each": "list",
      "provider": "provider.github",
      "instances": []
    },
    {
      "module": "module.repo_verify_event_emitter_loader",
      "mode": "managed",
      "type": "github_repository_collaborator",
      "name": "repo_collaborator_admin",
      "each": "list",
      "provider": "provider.github",
      "instances": []
    },
    {
      "module": "module.repo_metadata_checker",
      "mode": "managed",
      "type": "github_repository_collaborator",
      "name": "repo_collaborator_admin",
      "each": "list",
      "provider": "provider.github",
      "instances": []
    },
    {
      "module": "module.repo_verify_frontend",
      "mode": "managed",
      "type": "github_repository_collaborator",
      "name": "repo_collaborator_admin",
      "each": "list",
      "provider": "provider.github",
      "instances": []
    },
    {
      "module": "module.repo_verify_il3_laptop_bootstrap",
      "mode": "managed",
      "type": "github_repository_collaborator",
      "name": "repo_collaborator_admin",
      "each": "list",
      "provider": "provider.github",
      "instances": []
    },
    {
      "module": "module.repo_verify_release_logs",
      "mode": "managed",
      "type": "github_repository_collaborator",
      "name": "repo_collaborator_admin",
      "each": "list",
      "provider": "provider.github",
      "instances": []
    },
    {
      "module": "module.repo_dcs_client",
      "mode": "managed",
      "type": "github_repository_collaborator",
      "name": "repo_collaborator_admin",
      "each": "list",
      "provider": "provider.github",
      "instances": []
    },
    {
      "module": "module.repo_verify_idp_predictor",
      "mode": "managed",
      "type": "github_repository_collaborator",
      "name": "repo_collaborator_admin",
      "each": "list",
      "provider": "provider.github",
      "instances": []
    },
    {
      "module": "module.repo_verify_test_repo",
      "mode": "managed",
      "type": "github_repository_collaborator",
      "name": "repo_collaborator_admin",
      "each": "list",
      "provider": "provider.github",
      "instances": []
    },
    {
      "module": "module.repo_splunk_library_javalogging",
      "mode": "managed",
      "type": "github_repository_collaborator",
      "name": "repo_collaborator_admin",
      "each": "list",
      "provider": "provider.github",
      "instances": []
    },
    {
      "module": "module.repo_verify_puppet",
      "mode": "managed",
      "type": "github_repository_collaborator",
      "name": "repo_collaborator_admin",
      "each": "list",
      "provider": "provider.github",
      "instances": []
    },
    {
      "module": "module.repo_verify_self_service",
      "mode": "managed",
      "type": "github_repository_collaborator",
      "name": "repo_collaborator_admin",
      "each": "list",
      "provider": "provider.github",
      "instances": []
    },
    {
      "module": "module.repo_verify_performance_scripts",
      "mode": "managed",
      "type": "github_repository_collaborator",
      "name": "repo_collaborator_admin",
      "each": "list",
      "provider": "provider.github",
      "instances": []
    },
    {
      "module": "module.repo_dropwizard_logstash",
      "mode": "managed",
      "type": "github_repository_collaborator",
      "name": "repo_collaborator_admin",
      "each": "list",
      "provider": "provider.github",
      "instances": []
    },
    {
      "module": "module.repo_verify_event_infrastructure",
      "mode": "managed",
      "type": "github_repository_collaborator",
      "name": "repo_collaborator_pull",
      "each": "list",
      "provider": "provider.github",
      "instances": [
        {
          "index_key": 0,
          "schema_version": 0,
          "attributes": {
            "id": "verify-event-infrastructure:verify-cd-read-only",
            "invitation_id": null,
            "permission": "pull",
            "repository": "verify-event-infrastructure",
            "username": "verify-cd-read-only"
          },
          "depends_on": [
            "github_repository.repo"
          ]
        }
      ]
    },
    {
      "module": "module.repo_verify_data_pipeline_config",
      "mode": "managed",
      "type": "github_repository_collaborator",
      "name": "repo_collaborator_pull",
      "each": "list",
      "provider": "provider.github",
      "instances": []
    },
    {
      "module": "module.repo_ida_compliance_tool",
      "mode": "managed",
      "type": "github_repository_collaborator",
      "name": "repo_collaborator_pull",
      "each": "list",
      "provider": "provider.github",
      "instances": []
    },
    {
      "module": "module.repo_verify_packages",
      "mode": "managed",
      "type": "github_repository_collaborator",
      "name": "repo_collaborator_pull",
      "each": "list",
      "provider": "provider.github",
      "instances": []
    },
    {
      "module": "module.repo_verify_fabric",
      "mode": "managed",
      "type": "github_repository_collaborator",
      "name": "repo_collaborator_pull",
      "each": "list",
      "provider": "provider.github",
      "instances": []
    },
    {
      "module": "module.repo_dcs_performance_tests",
      "mode": "managed",
      "type": "github_repository_collaborator",
      "name": "repo_collaborator_pull",
      "each": "list",
      "provider": "provider.github",
      "instances": []
    },
    {
      "module": "module.repo_verify_local_matching_service_example",
      "mode": "managed",
      "type": "github_repository_collaborator",
      "name": "repo_collaborator_pull",
      "each": "list",
      "provider": "provider.github",
      "instances": []
    },
    {
      "module": "module.repo_verify_hub",
      "mode": "managed",
      "type": "github_repository_collaborator",
      "name": "repo_collaborator_pull",
      "each": "list",
      "provider": "provider.github",
      "instances": []
    },
    {
      "module": "module.repo_verify_token_service",
      "mode": "managed",
      "type": "github_repository_collaborator",
      "name": "repo_collaborator_pull",
      "each": "list",
      "provider": "provider.github",
      "instances": []
    },
    {
      "module": "module.repo_verify_proxy_node_infra",
      "mode": "managed",
      "type": "github_repository_collaborator",
      "name": "repo_collaborator_pull",
      "each": "list",
      "provider": "provider.github",
      "instances": []
    },
    {
      "module": "module.repo_ida_hub_support",
      "mode": "managed",
      "type": "github_repository_collaborator",
      "name": "repo_collaborator_pull",
      "each": "list",
      "provider": "provider.github",
      "instances": []
    },
    {
      "module": "module.repo_verify_release_automation",
      "mode": "managed",
      "type": "github_repository_collaborator",
      "name": "repo_collaborator_pull",
      "each": "list",
      "provider": "provider.github",
      "instances": []
    },
    {
      "module": "module.repo_verify_utils_libs",
      "mode": "managed",
      "type": "github_repository_collaborator",
      "name": "repo_collaborator_pull",
      "each": "list",
      "provider": "provider.github",
      "instances": []
    },
    {
      "module": "module.repo_verify_support_form",
      "mode": "managed",
      "type": "github_repository_collaborator",
      "name": "repo_collaborator_pull",
      "each": "list",
      "provider": "provider.github",
      "instances": []
    },
    {
      "module": "module.repo_verify_architecture",
      "mode": "managed",
      "type": "github_repository_collaborator",
      "name": "repo_collaborator_pull",
      "each": "list",
      "provider": "provider.github",
      "instances": []
    },
    {
      "module": "module.repo_verify_test_rp",
      "mode": "managed",
      "type": "github_repository_collaborator",
      "name": "repo_collaborator_pull",
      "each": "list",
      "provider": "provider.github",
      "instances": []
    },
    {
      "module": "module.repo_passport_verify_stub_relying_party",
      "mode": "managed",
      "type": "github_repository_collaborator",
      "name": "repo_collaborator_pull",
      "each": "list",
      "provider": "provider.github",
      "instances": []
    },
    {
      "module": "module.repo_verify_data_pipeline",
      "mode": "managed",
      "type": "github_repository_collaborator",
      "name": "repo_collaborator_pull",
      "each": "list",
      "provider": "provider.github",
      "instances": []
    },
    {
      "module": "module.repo_verify_hub_federation_config",
      "mode": "managed",
      "type": "github_repository_collaborator",
      "name": "repo_collaborator_pull",
      "each": "list",
      "provider": "provider.github",
      "instances": []
    },
    {
      "module": "module.repo_verify_dashing",
      "mode": "managed",
      "type": "github_repository_collaborator",
      "name": "repo_collaborator_pull",
      "each": "list",
      "provider": "provider.github",
      "instances": []
    },
    {
      "module": "module.repo_verify_event_system_alarm_notifier",
      "mode": "managed",
      "type": "github_repository_collaborator",
      "name": "repo_collaborator_pull",
      "each": "list",
      "provider": "provider.github",
      "instances": []
    },
    {
      "module": "module.repo_verify_local_startup",
      "mode": "managed",
      "type": "github_repository_collaborator",
      "name": "repo_collaborator_pull",
      "each": "list",
      "provider": "provider.github",
      "instances": []
    },
    {
      "module": "module.repo_verify_metadata",
      "mode": "managed",
      "type": "github_repository_collaborator",
      "name": "repo_collaborator_pull",
      "each": "list",
      "provider": "provider.github",
      "instances": []
    },
    {
      "module": "module.repo_verify_frontend_federation_config",
      "mode": "managed",
      "type": "github_repository_collaborator",
      "name": "repo_collaborator_pull",
      "each": "list",
      "provider": "provider.github",
      "instances": []
    },
    {
      "module": "module.repo_verify_boxes",
      "mode": "managed",
      "type": "github_repository_collaborator",
      "name": "repo_collaborator_pull",
      "each": "list",
      "provider": "provider.github",
      "instances": []
    },
    {
      "module": "module.repo_verify_saml_libs",
      "mode": "managed",
      "type": "github_repository_collaborator",
      "name": "repo_collaborator_pull",
      "each": "list",
      "provider": "provider.github",
      "instances": []
    },
    {
      "module": "module.repo_verify_german_eidas_middleware",
      "mode": "managed",
      "type": "github_repository_collaborator",
      "name": "repo_collaborator_pull",
      "each": "list",
      "provider": "provider.github",
      "instances": []
    },
    {
      "module": "module.repo_verify_tech_team",
      "mode": "managed",
      "type": "github_repository_collaborator",
      "name": "repo_collaborator_pull",
      "each": "list",
      "provider": "provider.github",
      "instances": []
    },
    {
      "module": "module.repo_verify_self_service_infrastructure",
      "mode": "managed",
      "type": "github_repository_collaborator",
      "name": "repo_collaborator_pull",
      "each": "list",
      "provider": "provider.github",
      "instances": []
    },
    {
      "module": "module.repo_verify_stub_idp_federation_config",
      "mode": "managed",
      "type": "github_repository_collaborator",
      "name": "repo_collaborator_pull",
      "each": "list",
      "provider": "provider.github",
      "instances": []
    },
    {
      "module": "module.repo_verify_eidas_mw_run",
      "mode": "managed",
      "type": "github_repository_collaborator",
      "name": "repo_collaborator_pull",
      "each": "list",
      "provider": "provider.github",
      "instances": []
    },
    {
      "module": "module.repo_verify_matching_service_adapter",
      "mode": "managed",
      "type": "github_repository_collaborator",
      "name": "repo_collaborator_pull",
      "each": "list",
      "provider": "provider.github",
      "instances": []
    },
    {
      "module": "module.repo_verify_blackbox_passwords",
      "mode": "managed",
      "type": "github_repository_collaborator",
      "name": "repo_collaborator_pull",
      "each": "list",
      "provider": "provider.github",
      "instances": []
    },
    {
      "module": "module.repo_ida_hub_acceptance_tests",
      "mode": "managed",
      "type": "github_repository_collaborator",
      "name": "repo_collaborator_pull",
      "each": "list",
      "provider": "provider.github",
      "instances": []
    },
    {
      "module": "module.repo_verify_eidas_metadata_aggregator",
      "mode": "managed",
      "type": "github_repository_collaborator",
      "name": "repo_collaborator_pull",
      "each": "list",
      "provider": "provider.github",
      "instances": []
    },
    {
      "module": "module.repo_verify_proxy_node",
      "mode": "managed",
      "type": "github_repository_collaborator",
      "name": "repo_collaborator_pull",
      "each": "list",
      "provider": "provider.github",
      "instances": []
    },
    {
      "module": "module.repo_verify_event_recorder_service",
      "mode": "managed",
      "type": "github_repository_collaborator",
      "name": "repo_collaborator_pull",
      "each": "list",
      "provider": "provider.github",
      "instances": []
    },
    {
      "module": "module.repo_verify_build_scripts",
      "mode": "managed",
      "type": "github_repository_collaborator",
      "name": "repo_collaborator_pull",
      "each": "list",
      "provider": "provider.github",
      "instances": []
    },
    {
      "module": "module.repo_verify_eidas_mw_config_generator",
      "mode": "managed",
      "type": "github_repository_collaborator",
      "name": "repo_collaborator_pull",
      "each": "list",
      "provider": "provider.github",
      "instances": []
    },
    {
      "module": "module.repo_verify_stub_idp",
      "mode": "managed",
      "type": "github_repository_collaborator",
      "name": "repo_collaborator_pull",
      "each": "list",
      "provider": "provider.github",
      "instances": []
    },
    {
      "module": "module.repo_verify_team_manual",
      "mode": "managed",
      "type": "github_repository_collaborator",
      "name": "repo_collaborator_pull",
      "each": "list",
      "provider": "provider.github",
      "instances": []
    },
    {
      "module": "module.repo_verify_jenkins_job_builder",
      "mode": "managed",
      "type": "github_repository_collaborator",
      "name": "repo_collaborator_pull",
      "each": "list",
      "provider": "provider.github",
      "instances": []
    },
    {
      "module": "module.repo_verify_eidas_trust_anchor",
      "mode": "managed",
      "type": "github_repository_collaborator",
      "name": "repo_collaborator_pull",
      "each": "list",
      "provider": "provider.github",
      "instances": []
    },
    {
      "module": "module.repo_verify_infrastructure_config",
      "mode": "managed",
      "type": "github_repository_collaborator",
      "name": "repo_collaborator_pull",
      "each": "list",
      "provider": "provider.github",
      "instances": []
    },
    {
      "module": "module.repo_ida_performance_tests",
      "mode": "managed",
      "type": "github_repository_collaborator",
      "name": "repo_collaborator_pull",
      "each": "list",
      "provider": "provider.github",
      "instances": []
    },
    {
      "module": "module.repo_verify_event_emitter",
      "mode": "managed",
      "type": "github_repository_collaborator",
      "name": "repo_collaborator_pull",
      "each": "list",
      "provider": "provider.github",
      "instances": []
    },
    {
      "module": "module.repo_verify_product_page",
      "mode": "managed",
      "type": "github_repository_collaborator",
      "name": "repo_collaborator_pull",
      "each": "list",
      "provider": "provider.github",
      "instances": []
    },
    {
      "module": "module.repo_passport_verify",
      "mode": "managed",
      "type": "github_repository_collaborator",
      "name": "repo_collaborator_pull",
      "each": "list",
      "provider": "provider.github",
      "instances": []
    },
    {
      "module": "module.repo_doc_checking",
      "mode": "managed",
      "type": "github_repository_collaborator",
      "name": "repo_collaborator_pull",
      "each": "list",
      "provider": "provider.github",
      "instances": []
    },
    {
      "module": "module.repo_verify_ansible",
      "mode": "managed",
      "type": "github_repository_collaborator",
      "name": "repo_collaborator_pull",
      "each": "list",
      "provider": "provider.github",
      "instances": []
    },
    {
      "module": "module.repo_verify_service_provider",
      "mode": "managed",
      "type": "github_repository_collaborator",
      "name": "repo_collaborator_pull",
      "each": "list",
      "provider": "provider.github",
      "instances": []
    },
    {
      "module": "module.repo_verify_event_system_database_scripts",
      "mode": "managed",
      "type": "github_repository_collaborator",
      "name": "repo_collaborator_pull",
      "each": "list",
      "provider": "provider.github",
      "instances": [
        {
          "index_key": 0,
          "schema_version": 0,
          "attributes": {
            "id": "verify-event-system-database-scripts:verify-cd-read-only",
            "invitation_id": null,
            "permission": "pull",
            "repository": "verify-event-system-database-scripts",
            "username": "verify-cd-read-only"
          },
          "depends_on": [
            "github_repository.repo"
          ]
        }
      ]
    },
    {
      "module": "module.repo_verify_infrastructure",
      "mode": "managed",
      "type": "github_repository_collaborator",
      "name": "repo_collaborator_pull",
      "each": "list",
      "provider": "provider.github",
      "instances": []
    },
    {
      "module": "module.repo_verify_performance",
      "mode": "managed",
      "type": "github_repository_collaborator",
      "name": "repo_collaborator_pull",
      "each": "list",
      "provider": "provider.github",
      "instances": []
    },
    {
      "module": "module.repo_dcs_client_acceptance_tests",
      "mode": "managed",
      "type": "github_repository_collaborator",
      "name": "repo_collaborator_pull",
      "each": "list",
      "provider": "provider.github",
      "instances": []
    },
    {
      "module": "module.repo_verify_terraform",
      "mode": "managed",
      "type": "github_repository_collaborator",
      "name": "repo_collaborator_pull",
      "each": "list",
      "provider": "provider.github",
      "instances": []
    },
    {
      "module": "module.repo_verify_acceptance_tests",
      "mode": "managed",
      "type": "github_repository_collaborator",
      "name": "repo_collaborator_pull",
      "each": "list",
      "provider": "provider.github",
      "instances": []
    },
    {
      "module": "module.repo_verify_matomo_utils",
      "mode": "managed",
      "type": "github_repository_collaborator",
      "name": "repo_collaborator_pull",
      "each": "list",
      "provider": "provider.github",
      "instances": []
    },
    {
      "module": "module.repo_verify_idp_pid_hasherator",
      "mode": "managed",
      "type": "github_repository_collaborator",
      "name": "repo_collaborator_pull",
      "each": "list",
      "provider": "provider.github",
      "instances": []
    },
    {
      "module": "module.repo_verify_gradle",
      "mode": "managed",
      "type": "github_repository_collaborator",
      "name": "repo_collaborator_pull",
      "each": "list",
      "provider": "provider.github",
      "instances": []
    },
    {
      "module": "module.repo_verify_datascience_sandbox",
      "mode": "managed",
      "type": "github_repository_collaborator",
      "name": "repo_collaborator_pull",
      "each": "list",
      "provider": "provider.github",
      "instances": []
    },
    {
      "module": "module.repo_verify_rp_environment_config_form",
      "mode": "managed",
      "type": "github_repository_collaborator",
      "name": "repo_collaborator_pull",
      "each": "list",
      "provider": "provider.github",
      "instances": []
    },
    {
      "module": "module.repo_verify_data_schemas",
      "mode": "managed",
      "type": "github_repository_collaborator",
      "name": "repo_collaborator_pull",
      "each": "list",
      "provider": "provider.github",
      "instances": []
    },
    {
      "module": "module.repo_verify_event_emitter_loader",
      "mode": "managed",
      "type": "github_repository_collaborator",
      "name": "repo_collaborator_pull",
      "each": "list",
      "provider": "provider.github",
      "instances": []
    },
    {
      "module": "module.repo_metadata_checker",
      "mode": "managed",
      "type": "github_repository_collaborator",
      "name": "repo_collaborator_pull",
      "each": "list",
      "provider": "provider.github",
      "instances": []
    },
    {
      "module": "module.repo_verify_frontend",
      "mode": "managed",
      "type": "github_repository_collaborator",
      "name": "repo_collaborator_pull",
      "each": "list",
      "provider": "provider.github",
      "instances": []
    },
    {
      "module": "module.repo_verify_il3_laptop_bootstrap",
      "mode": "managed",
      "type": "github_repository_collaborator",
      "name": "repo_collaborator_pull",
      "each": "list",
      "provider": "provider.github",
      "instances": []
    },
    {
      "module": "module.repo_verify_release_logs",
      "mode": "managed",
      "type": "github_repository_collaborator",
      "name": "repo_collaborator_pull",
      "each": "list",
      "provider": "provider.github",
      "instances": []
    },
    {
      "module": "module.repo_dcs_client",
      "mode": "managed",
      "type": "github_repository_collaborator",
      "name": "repo_collaborator_pull",
      "each": "list",
      "provider": "provider.github",
      "instances": []
    },
    {
      "module": "module.repo_verify_idp_predictor",
      "mode": "managed",
      "type": "github_repository_collaborator",
      "name": "repo_collaborator_pull",
      "each": "list",
      "provider": "provider.github",
      "instances": []
    },
    {
      "module": "module.repo_verify_test_repo",
      "mode": "managed",
      "type": "github_repository_collaborator",
      "name": "repo_collaborator_pull",
      "each": "list",
      "provider": "provider.github",
      "instances": []
    },
    {
      "module": "module.repo_splunk_library_javalogging",
      "mode": "managed",
      "type": "github_repository_collaborator",
      "name": "repo_collaborator_pull",
      "each": "list",
      "provider": "provider.github",
      "instances": []
    },
    {
      "module": "module.repo_verify_puppet",
      "mode": "managed",
      "type": "github_repository_collaborator",
      "name": "repo_collaborator_pull",
      "each": "list",
      "provider": "provider.github",
      "instances": []
    },
    {
      "module": "module.repo_verify_self_service",
      "mode": "managed",
      "type": "github_repository_collaborator",
      "name": "repo_collaborator_pull",
      "each": "list",
      "provider": "provider.github",
      "instances": []
    },
    {
      "module": "module.repo_verify_performance_scripts",
      "mode": "managed",
      "type": "github_repository_collaborator",
      "name": "repo_collaborator_pull",
      "each": "list",
      "provider": "provider.github",
      "instances": []
    },
    {
      "module": "module.repo_dropwizard_logstash",
      "mode": "managed",
      "type": "github_repository_collaborator",
      "name": "repo_collaborator_pull",
      "each": "list",
      "provider": "provider.github",
      "instances": []
    },
    {
      "module": "module.repo_verify_event_infrastructure",
      "mode": "managed",
      "type": "github_team_repository",
      "name": "repo_team_pull",
      "each": "list",
      "provider": "provider.github",
      "instances": []
    },
    {
      "module": "module.repo_verify_data_pipeline_config",
      "mode": "managed",
      "type": "github_team_repository",
      "name": "repo_team_pull",
      "each": "list",
      "provider": "provider.github",
      "instances": []
    },
    {
      "module": "module.repo_ida_compliance_tool",
      "mode": "managed",
      "type": "github_team_repository",
      "name": "repo_team_pull",
      "each": "list",
      "provider": "provider.github",
      "instances": []
    },
    {
      "module": "module.repo_verify_packages",
      "mode": "managed",
      "type": "github_team_repository",
      "name": "repo_team_pull",
      "each": "list",
      "provider": "provider.github",
      "instances": []
    },
    {
      "module": "module.repo_verify_fabric",
      "mode": "managed",
      "type": "github_team_repository",
      "name": "repo_team_pull",
      "each": "list",
      "provider": "provider.github",
      "instances": []
    },
    {
      "module": "module.repo_dcs_performance_tests",
      "mode": "managed",
      "type": "github_team_repository",
      "name": "repo_team_pull",
      "each": "list",
      "provider": "provider.github",
      "instances": []
    },
    {
      "module": "module.repo_verify_local_matching_service_example",
      "mode": "managed",
      "type": "github_team_repository",
      "name": "repo_team_pull",
      "each": "list",
      "provider": "provider.github",
      "instances": []
    },
    {
      "module": "module.repo_verify_hub",
      "mode": "managed",
      "type": "github_team_repository",
      "name": "repo_team_pull",
      "each": "list",
      "provider": "provider.github",
      "instances": []
    },
    {
      "module": "module.repo_verify_token_service",
      "mode": "managed",
      "type": "github_team_repository",
      "name": "repo_team_pull",
      "each": "list",
      "provider": "provider.github",
      "instances": []
    },
    {
      "module": "module.repo_verify_proxy_node_infra",
      "mode": "managed",
      "type": "github_team_repository",
      "name": "repo_team_pull",
      "each": "list",
      "provider": "provider.github",
      "instances": []
    },
    {
      "module": "module.repo_ida_hub_support",
      "mode": "managed",
      "type": "github_team_repository",
      "name": "repo_team_pull",
      "each": "list",
      "provider": "provider.github",
      "instances": []
    },
    {
      "module": "module.repo_verify_release_automation",
      "mode": "managed",
      "type": "github_team_repository",
      "name": "repo_team_pull",
      "each": "list",
      "provider": "provider.github",
      "instances": []
    },
    {
      "module": "module.repo_verify_utils_libs",
      "mode": "managed",
      "type": "github_team_repository",
      "name": "repo_team_pull",
      "each": "list",
      "provider": "provider.github",
      "instances": []
    },
    {
      "module": "module.repo_verify_support_form",
      "mode": "managed",
      "type": "github_team_repository",
      "name": "repo_team_pull",
      "each": "list",
      "provider": "provider.github",
      "instances": []
    },
    {
      "module": "module.repo_verify_architecture",
      "mode": "managed",
      "type": "github_team_repository",
      "name": "repo_team_pull",
      "each": "list",
      "provider": "provider.github",
      "instances": []
    },
    {
      "module": "module.repo_verify_test_rp",
      "mode": "managed",
      "type": "github_team_repository",
      "name": "repo_team_pull",
      "each": "list",
      "provider": "provider.github",
      "instances": []
    },
    {
      "module": "module.repo_passport_verify_stub_relying_party",
      "mode": "managed",
      "type": "github_team_repository",
      "name": "repo_team_pull",
      "each": "list",
      "provider": "provider.github",
      "instances": []
    },
    {
      "module": "module.repo_verify_data_pipeline",
      "mode": "managed",
      "type": "github_team_repository",
      "name": "repo_team_pull",
      "each": "list",
      "provider": "provider.github",
      "instances": []
    },
    {
      "module": "module.repo_verify_hub_federation_config",
      "mode": "managed",
      "type": "github_team_repository",
      "name": "repo_team_pull",
      "each": "list",
      "provider": "provider.github",
      "instances": []
    },
    {
      "module": "module.repo_verify_dashing",
      "mode": "managed",
      "type": "github_team_repository",
      "name": "repo_team_pull",
      "each": "list",
      "provider": "provider.github",
      "instances": []
    },
    {
      "module": "module.repo_verify_event_system_alarm_notifier",
      "mode": "managed",
      "type": "github_team_repository",
      "name": "repo_team_pull",
      "each": "list",
      "provider": "provider.github",
      "instances": []
    },
    {
      "module": "module.repo_verify_local_startup",
      "mode": "managed",
      "type": "github_team_repository",
      "name": "repo_team_pull",
      "each": "list",
      "provider": "provider.github",
      "instances": []
    },
    {
      "module": "module.repo_verify_metadata",
      "mode": "managed",
      "type": "github_team_repository",
      "name": "repo_team_pull",
      "each": "list",
      "provider": "provider.github",
      "instances": []
    },
    {
      "module": "module.repo_verify_frontend_federation_config",
      "mode": "managed",
      "type": "github_team_repository",
      "name": "repo_team_pull",
      "each": "list",
      "provider": "provider.github",
      "instances": []
    },
    {
      "module": "module.repo_verify_boxes",
      "mode": "managed",
      "type": "github_team_repository",
      "name": "repo_team_pull",
      "each": "list",
      "provider": "provider.github",
      "instances": []
    },
    {
      "module": "module.repo_verify_saml_libs",
      "mode": "managed",
      "type": "github_team_repository",
      "name": "repo_team_pull",
      "each": "list",
      "provider": "provider.github",
      "instances": []
    },
    {
      "module": "module.repo_verify_german_eidas_middleware",
      "mode": "managed",
      "type": "github_team_repository",
      "name": "repo_team_pull",
      "each": "list",
      "provider": "provider.github",
      "instances": []
    },
    {
      "module": "module.repo_verify_tech_team",
      "mode": "managed",
      "type": "github_team_repository",
      "name": "repo_team_pull",
      "each": "list",
      "provider": "provider.github",
      "instances": []
    },
    {
      "module": "module.repo_verify_self_service_infrastructure",
      "mode": "managed",
      "type": "github_team_repository",
      "name": "repo_team_pull",
      "each": "list",
      "provider": "provider.github",
      "instances": []
    },
    {
      "module": "module.repo_verify_stub_idp_federation_config",
      "mode": "managed",
      "type": "github_team_repository",
      "name": "repo_team_pull",
      "each": "list",
      "provider": "provider.github",
      "instances": []
    },
    {
      "module": "module.repo_verify_eidas_mw_run",
      "mode": "managed",
      "type": "github_team_repository",
      "name": "repo_team_pull",
      "each": "list",
      "provider": "provider.github",
      "instances": []
    },
    {
      "module": "module.repo_verify_matching_service_adapter",
      "mode": "managed",
      "type": "github_team_repository",
      "name": "repo_team_pull",
      "each": "list",
      "provider": "provider.github",
      "instances": []
    },
    {
      "module": "module.repo_verify_blackbox_passwords",
      "mode": "managed",
      "type": "github_team_repository",
      "name": "repo_team_pull",
      "each": "list",
      "provider": "provider.github",
      "instances": []
    },
    {
      "module": "module.repo_ida_hub_acceptance_tests",
      "mode": "managed",
      "type": "github_team_repository",
      "name": "repo_team_pull",
      "each": "list",
      "provider": "provider.github",
      "instances": []
    },
    {
      "module": "module.repo_verify_eidas_metadata_aggregator",
      "mode": "managed",
      "type": "github_team_repository",
      "name": "repo_team_pull",
      "each": "list",
      "provider": "provider.github",
      "instances": []
    },
    {
      "module": "module.repo_verify_proxy_node",
      "mode": "managed",
      "type": "github_team_repository",
      "name": "repo_team_pull",
      "each": "list",
      "provider": "provider.github",
      "instances": []
    },
    {
      "module": "module.repo_verify_event_recorder_service",
      "mode": "managed",
      "type": "github_team_repository",
      "name": "repo_team_pull",
      "each": "list",
      "provider": "provider.github",
      "instances": []
    },
    {
      "module": "module.repo_verify_build_scripts",
      "mode": "managed",
      "type": "github_team_repository",
      "name": "repo_team_pull",
      "each": "list",
      "provider": "provider.github",
      "instances": []
    },
    {
      "module": "module.repo_verify_eidas_mw_config_generator",
      "mode": "managed",
      "type": "github_team_repository",
      "name": "repo_team_pull",
      "each": "list",
      "provider": "provider.github",
      "instances": []
    },
    {
      "module": "module.repo_verify_stub_idp",
      "mode": "managed",
      "type": "github_team_repository",
      "name": "repo_team_pull",
      "each": "list",
      "provider": "provider.github",
      "instances": []
    },
    {
      "module": "module.repo_verify_team_manual",
      "mode": "managed",
      "type": "github_team_repository",
      "name": "repo_team_pull",
      "each": "list",
      "provider": "provider.github",
      "instances": []
    },
    {
      "module": "module.repo_verify_jenkins_job_builder",
      "mode": "managed",
      "type": "github_team_repository",
      "name": "repo_team_pull",
      "each": "list",
      "provider": "provider.github",
      "instances": []
    },
    {
      "module": "module.repo_verify_eidas_trust_anchor",
      "mode": "managed",
      "type": "github_team_repository",
      "name": "repo_team_pull",
      "each": "list",
      "provider": "provider.github",
      "instances": []
    },
    {
      "module": "module.repo_verify_infrastructure_config",
      "mode": "managed",
      "type": "github_team_repository",
      "name": "repo_team_pull",
      "each": "list",
      "provider": "provider.github",
      "instances": []
    },
    {
      "module": "module.repo_ida_performance_tests",
      "mode": "managed",
      "type": "github_team_repository",
      "name": "repo_team_pull",
      "each": "list",
      "provider": "provider.github",
      "instances": []
    },
    {
      "module": "module.repo_verify_event_emitter",
      "mode": "managed",
      "type": "github_team_repository",
      "name": "repo_team_pull",
      "each": "list",
      "provider": "provider.github",
      "instances": []
    },
    {
      "module": "module.repo_verify_product_page",
      "mode": "managed",
      "type": "github_team_repository",
      "name": "repo_team_pull",
      "each": "list",
      "provider": "provider.github",
      "instances": []
    },
    {
      "module": "module.repo_passport_verify",
      "mode": "managed",
      "type": "github_team_repository",
      "name": "repo_team_pull",
      "each": "list",
      "provider": "provider.github",
      "instances": []
    },
    {
      "module": "module.repo_doc_checking",
      "mode": "managed",
      "type": "github_team_repository",
      "name": "repo_team_pull",
      "each": "list",
      "provider": "provider.github",
      "instances": []
    },
    {
      "module": "module.repo_verify_ansible",
      "mode": "managed",
      "type": "github_team_repository",
      "name": "repo_team_pull",
      "each": "list",
      "provider": "provider.github",
      "instances": []
    },
    {
      "module": "module.repo_verify_service_provider",
      "mode": "managed",
      "type": "github_team_repository",
      "name": "repo_team_pull",
      "each": "list",
      "provider": "provider.github",
      "instances": []
    },
    {
      "module": "module.repo_verify_event_system_database_scripts",
      "mode": "managed",
      "type": "github_team_repository",
      "name": "repo_team_pull",
      "each": "list",
      "provider": "provider.github",
      "instances": []
    },
    {
      "module": "module.repo_verify_infrastructure",
      "mode": "managed",
      "type": "github_team_repository",
      "name": "repo_team_pull",
      "each": "list",
      "provider": "provider.github",
      "instances": []
    },
    {
      "module": "module.repo_verify_performance",
      "mode": "managed",
      "type": "github_team_repository",
      "name": "repo_team_pull",
      "each": "list",
      "provider": "provider.github",
      "instances": []
    },
    {
      "module": "module.repo_dcs_client_acceptance_tests",
      "mode": "managed",
      "type": "github_team_repository",
      "name": "repo_team_pull",
      "each": "list",
      "provider": "provider.github",
      "instances": []
    },
    {
      "module": "module.repo_verify_terraform",
      "mode": "managed",
      "type": "github_team_repository",
      "name": "repo_team_pull",
      "each": "list",
      "provider": "provider.github",
      "instances": []
    },
    {
      "module": "module.repo_verify_acceptance_tests",
      "mode": "managed",
      "type": "github_team_repository",
      "name": "repo_team_pull",
      "each": "list",
      "provider": "provider.github",
      "instances": []
    },
    {
      "module": "module.repo_verify_matomo_utils",
      "mode": "managed",
      "type": "github_team_repository",
      "name": "repo_team_pull",
      "each": "list",
      "provider": "provider.github",
      "instances": []
    },
    {
      "module": "module.repo_verify_idp_pid_hasherator",
      "mode": "managed",
      "type": "github_team_repository",
      "name": "repo_team_pull",
      "each": "list",
      "provider": "provider.github",
      "instances": []
    },
    {
      "module": "module.repo_verify_gradle",
      "mode": "managed",
      "type": "github_team_repository",
      "name": "repo_team_pull",
      "each": "list",
      "provider": "provider.github",
      "instances": []
    },
    {
      "module": "module.repo_verify_datascience_sandbox",
      "mode": "managed",
      "type": "github_team_repository",
      "name": "repo_team_pull",
      "each": "list",
      "provider": "provider.github",
      "instances": []
    },
    {
      "module": "module.repo_verify_rp_environment_config_form",
      "mode": "managed",
      "type": "github_team_repository",
      "name": "repo_team_pull",
      "each": "list",
      "provider": "provider.github",
      "instances": []
    },
    {
      "module": "module.repo_verify_data_schemas",
      "mode": "managed",
      "type": "github_team_repository",
      "name": "repo_team_pull",
      "each": "list",
      "provider": "provider.github",
      "instances": []
    },
    {
      "module": "module.repo_verify_event_emitter_loader",
      "mode": "managed",
      "type": "github_team_repository",
      "name": "repo_team_pull",
      "each": "list",
      "provider": "provider.github",
      "instances": []
    },
    {
      "module": "module.repo_metadata_checker",
      "mode": "managed",
      "type": "github_team_repository",
      "name": "repo_team_pull",
      "each": "list",
      "provider": "provider.github",
      "instances": []
    },
    {
      "module": "module.repo_verify_frontend",
      "mode": "managed",
      "type": "github_team_repository",
      "name": "repo_team_pull",
      "each": "list",
      "provider": "provider.github",
      "instances": []
    },
    {
      "module": "module.repo_verify_il3_laptop_bootstrap",
      "mode": "managed",
      "type": "github_team_repository",
      "name": "repo_team_pull",
      "each": "list",
      "provider": "provider.github",
      "instances": []
    },
    {
      "module": "module.repo_verify_release_logs",
      "mode": "managed",
      "type": "github_team_repository",
      "name": "repo_team_pull",
      "each": "list",
      "provider": "provider.github",
      "instances": []
    },
    {
      "module": "module.repo_dcs_client",
      "mode": "managed",
      "type": "github_team_repository",
      "name": "repo_team_pull",
      "each": "list",
      "provider": "provider.github",
      "instances": []
    },
    {
      "module": "module.repo_verify_idp_predictor",
      "mode": "managed",
      "type": "github_team_repository",
      "name": "repo_team_pull",
      "each": "list",
      "provider": "provider.github",
      "instances": []
    },
    {
      "module": "module.repo_verify_test_repo",
      "mode": "managed",
      "type": "github_team_repository",
      "name": "repo_team_pull",
      "each": "list",
      "provider": "provider.github",
      "instances": []
    },
    {
      "module": "module.repo_splunk_library_javalogging",
      "mode": "managed",
      "type": "github_team_repository",
      "name": "repo_team_pull",
      "each": "list",
      "provider": "provider.github",
      "instances": []
    },
    {
      "module": "module.repo_verify_puppet",
      "mode": "managed",
      "type": "github_team_repository",
      "name": "repo_team_pull",
      "each": "list",
      "provider": "provider.github",
      "instances": []
    },
    {
      "module": "module.repo_verify_self_service",
      "mode": "managed",
      "type": "github_team_repository",
      "name": "repo_team_pull",
      "each": "list",
      "provider": "provider.github",
      "instances": []
    },
    {
      "module": "module.repo_verify_performance_scripts",
      "mode": "managed",
      "type": "github_team_repository",
      "name": "repo_team_pull",
      "each": "list",
      "provider": "provider.github",
      "instances": []
    },
    {
      "module": "module.repo_dropwizard_logstash",
      "mode": "managed",
      "type": "github_team_repository",
      "name": "repo_team_pull",
      "each": "list",
      "provider": "provider.github",
      "instances": []
    },
    {
      "module": "module.repo_verify_event_infrastructure",
      "mode": "managed",
      "type": "github_team_repository",
      "name": "repo_team_push",
      "each": "list",
      "provider": "provider.github",
      "instances": [
        {
          "index_key": 0,
          "schema_version": 0,
          "attributes": {
            "etag": "W/\"5dd948e6d071ea3ff0524581b013061f\"",
            "id": "2826122:verify-event-infrastructure",
            "permission": "push",
            "repository": "verify-event-infrastructure",
            "team_id": "2826122"
          },
          "depends_on": [
            "data.github_team.push_teams",
            "github_repository.repo"
          ]
        },
        {
          "index_key": 1,
          "schema_version": 0,
          "attributes": {
            "etag": "W/\"5dd948e6d071ea3ff0524581b013061f\"",
            "id": "2826127:verify-event-infrastructure",
            "permission": "push",
            "repository": "verify-event-infrastructure",
            "team_id": "2826127"
          },
          "depends_on": [
            "data.github_team.push_teams",
            "github_repository.repo"
          ]
        }
      ]
    },
    {
      "module": "module.repo_verify_data_pipeline_config",
      "mode": "managed",
      "type": "github_team_repository",
      "name": "repo_team_push",
      "each": "list",
      "provider": "provider.github",
      "instances": [
        {
          "index_key": 0,
          "schema_version": 0,
          "attributes": {
            "etag": "W/\"d8cf7d6403f1e5e4fa290750fd316558\"",
            "id": "2826122:verify-data-pipeline-config",
            "permission": "push",
            "repository": "verify-data-pipeline-config",
            "team_id": "2826122"
          },
          "depends_on": [
            "data.github_team.push_teams",
            "github_repository.repo"
          ]
        }
      ]
    },
    {
      "module": "module.repo_ida_compliance_tool",
      "mode": "managed",
      "type": "github_team_repository",
      "name": "repo_team_push",
      "each": "list",
      "provider": "provider.github",
      "instances": [
        {
          "index_key": 0,
          "schema_version": 0,
          "attributes": {
            "etag": "W/\"f3a2d1fe30c7d7a9f3f228e1e3f2ed48\"",
            "id": "2826122:ida-compliance-tool",
            "permission": "push",
            "repository": "ida-compliance-tool",
            "team_id": "2826122"
          },
          "depends_on": [
            "data.github_team.teams",
            "github_repository.repo"
          ]
        }
      ]
    },
    {
      "module": "module.repo_verify_packages",
      "mode": "managed",
      "type": "github_team_repository",
      "name": "repo_team_push",
      "each": "list",
      "provider": "provider.github",
      "instances": [
        {
          "index_key": 0,
          "schema_version": 0,
          "attributes": {
            "etag": "W/\"786004dd60a715e153a748e30e69f2b1\"",
            "id": "2826122:verify-packages",
            "permission": "push",
            "repository": "verify-packages",
            "team_id": "2826122"
          },
          "depends_on": [
            "data.github_team.push_teams",
            "github_repository.repo"
          ]
        },
        {
          "index_key": 1,
          "schema_version": 0,
          "attributes": {
            "etag": "W/\"786004dd60a715e153a748e30e69f2b1\"",
            "id": "2826127:verify-packages",
            "permission": "push",
            "repository": "verify-packages",
            "team_id": "2826127"
          },
          "depends_on": [
            "data.github_team.push_teams",
            "github_repository.repo"
          ]
        }
      ]
    },
    {
      "module": "module.repo_verify_fabric",
      "mode": "managed",
      "type": "github_team_repository",
      "name": "repo_team_push",
      "each": "list",
      "provider": "provider.github",
      "instances": [
        {
          "index_key": 0,
          "schema_version": 0,
          "attributes": {
            "etag": "W/\"546c753a639f8276c298680fe88f3cf5\"",
            "id": "2826122:verify-fabric",
            "permission": "push",
            "repository": "verify-fabric",
            "team_id": "2826122"
          },
          "depends_on": [
            "data.github_team.push_teams",
            "github_repository.repo"
          ]
        },
        {
          "index_key": 1,
          "schema_version": 0,
          "attributes": {
            "etag": "W/\"546c753a639f8276c298680fe88f3cf5\"",
            "id": "2826127:verify-fabric",
            "permission": "push",
            "repository": "verify-fabric",
            "team_id": "2826127"
          },
          "depends_on": [
            "data.github_team.push_teams",
            "github_repository.repo"
          ]
        }
      ]
    },
    {
      "module": "module.repo_dcs_performance_tests",
      "mode": "managed",
      "type": "github_team_repository",
      "name": "repo_team_push",
      "each": "list",
      "provider": "provider.github",
      "instances": [
        {
          "index_key": 0,
          "schema_version": 0,
          "attributes": {
            "etag": "W/\"21eb74530847b1b8c94241adeb309896\"",
            "id": "2826122:dcs-performance-tests",
            "permission": "push",
            "repository": "dcs-performance-tests",
            "team_id": "2826122"
          },
          "depends_on": [
            "data.github_team.push_teams",
            "github_repository.repo"
          ]
        }
      ]
    },
    {
      "module": "module.repo_verify_local_matching_service_example",
      "mode": "managed",
      "type": "github_team_repository",
      "name": "repo_team_push",
      "each": "list",
      "provider": "provider.github",
      "instances": [
        {
          "index_key": 0,
          "schema_version": 0,
          "attributes": {
            "etag": "W/\"8966a69494cf9b6d1c2c53ecef8124a7\"",
            "id": "2826122:verify-local-matching-service-example",
            "permission": "push",
            "repository": "verify-local-matching-service-example",
            "team_id": "2826122"
          },
          "depends_on": [
            "data.github_team.push_teams",
            "github_repository.repo"
          ]
        }
      ]
    },
    {
      "module": "module.repo_verify_hub",
      "mode": "managed",
      "type": "github_team_repository",
      "name": "repo_team_push",
      "each": "list",
      "provider": "provider.github",
      "instances": [
        {
          "index_key": 0,
          "schema_version": 0,
          "attributes": {
            "etag": "W/\"e90a283e62ac8280fd7d16c32309eb32\"",
            "id": "2826122:verify-hub",
            "permission": "push",
            "repository": "verify-hub",
            "team_id": "2826122"
          },
          "depends_on": [
            "data.github_team.teams",
            "github_repository.repo"
          ]
        }
      ]
    },
    {
      "module": "module.repo_verify_token_service",
      "mode": "managed",
      "type": "github_team_repository",
      "name": "repo_team_push",
      "each": "list",
      "provider": "provider.github",
      "instances": [
        {
          "index_key": 0,
          "schema_version": 0,
          "attributes": {
            "etag": "W/\"e8da2812e25e8f6b87ed226475ae6b8a\"",
            "id": "2826122:verify-token-service",
            "permission": "pull",
            "repository": "verify-token-service",
            "team_id": "2826122"
          },
          "depends_on": [
            "data.github_team.teams",
            "github_repository.repo"
          ]
        }
      ]
    },
    {
      "module": "module.repo_verify_proxy_node_infra",
      "mode": "managed",
      "type": "github_team_repository",
      "name": "repo_team_push",
      "each": "list",
      "provider": "provider.github",
      "instances": [
        {
          "index_key": 0,
          "schema_version": 0,
          "attributes": {
            "etag": "W/\"2e6ebae12ea680bce013c1a03ebd3230\"",
            "id": "2826126:verify-proxy-node-infra",
            "permission": "push",
            "repository": "verify-proxy-node-infra",
            "team_id": "2826126"
          },
          "depends_on": [
            "data.github_team.push_teams",
            "github_repository.repo"
          ]
        },
        {
          "index_key": 1,
          "schema_version": 0,
          "attributes": {
            "etag": "W/\"2e6ebae12ea680bce013c1a03ebd3230\"",
            "id": "2826127:verify-proxy-node-infra",
            "permission": "push",
            "repository": "verify-proxy-node-infra",
            "team_id": "2826127"
          },
          "depends_on": [
            "data.github_team.push_teams",
            "github_repository.repo"
          ]
        }
      ]
    },
    {
      "module": "module.repo_ida_hub_support",
      "mode": "managed",
      "type": "github_team_repository",
      "name": "repo_team_push",
      "each": "list",
      "provider": "provider.github",
      "instances": [
        {
          "index_key": 0,
          "schema_version": 0,
          "attributes": {
            "etag": "W/\"3cc801c661a2f9472bd4a7a6011b4946\"",
            "id": "2826122:ida-hub-support",
            "permission": "pull",
            "repository": "ida-hub-support",
            "team_id": "2826122"
          },
          "depends_on": [
            "data.github_team.teams",
            "github_repository.repo"
          ]
        }
      ]
    },
    {
      "module": "module.repo_verify_release_automation",
      "mode": "managed",
      "type": "github_team_repository",
      "name": "repo_team_push",
      "each": "list",
      "provider": "provider.github",
      "instances": [
        {
          "index_key": 0,
          "schema_version": 0,
          "attributes": {
            "etag": "W/\"6036675d7eff980101e288f2c3f5b38b\"",
            "id": "2826122:verify-release-automation",
            "permission": "push",
            "repository": "verify-release-automation",
            "team_id": "2826122"
          },
          "depends_on": [
            "data.github_team.push_teams",
            "github_repository.repo"
          ]
        }
      ]
    },
    {
      "module": "module.repo_verify_utils_libs",
      "mode": "managed",
      "type": "github_team_repository",
      "name": "repo_team_push",
      "each": "list",
      "provider": "provider.github",
      "instances": [
        {
          "index_key": 0,
          "schema_version": 0,
          "attributes": {
            "etag": "W/\"856eab563c0e007710a87aac04c7c951\"",
            "id": "2826122:verify-utils-libs",
            "permission": "push",
            "repository": "verify-utils-libs",
            "team_id": "2826122"
          },
          "depends_on": [
            "data.github_team.teams",
            "github_repository.repo"
          ]
        }
      ]
    },
    {
      "module": "module.repo_verify_support_form",
      "mode": "managed",
      "type": "github_team_repository",
      "name": "repo_team_push",
      "each": "list",
      "provider": "provider.github",
      "instances": [
        {
          "index_key": 0,
          "schema_version": 0,
          "attributes": {
            "etag": "W/\"826bf613d2db8026b93e6220a7c2dcb8\"",
            "id": "2826122:verify-support-form",
            "permission": "push",
            "repository": "verify-support-form",
            "team_id": "2826122"
          },
          "depends_on": [
            "data.github_team.push_teams",
            "github_repository.repo"
          ]
        }
      ]
    },
    {
      "module": "module.repo_verify_architecture",
      "mode": "managed",
      "type": "github_team_repository",
      "name": "repo_team_push",
      "each": "list",
      "provider": "provider.github",
      "instances": [
        {
          "index_key": 0,
          "schema_version": 0,
          "attributes": {
            "etag": "W/\"7bb2bc86a548ac3bc195e3a48978f579\"",
            "id": "2826122:verify-architecture",
            "permission": "push",
            "repository": "verify-architecture",
            "team_id": "2826122"
          },
          "depends_on": [
            "data.github_team.push_teams",
            "github_repository.repo"
          ]
        }
      ]
    },
    {
      "module": "module.repo_verify_test_rp",
      "mode": "managed",
      "type": "github_team_repository",
      "name": "repo_team_push",
      "each": "list",
      "provider": "provider.github",
      "instances": [
        {
          "index_key": 0,
          "schema_version": 0,
          "attributes": {
            "etag": "W/\"26efbcfb95894e0faa2352e8b777986f\"",
            "id": "2826122:verify-test-rp",
            "permission": "push",
            "repository": "verify-test-rp",
            "team_id": "2826122"
          },
          "depends_on": [
            "data.github_team.teams",
            "github_repository.repo"
          ]
        }
      ]
    },
    {
      "module": "module.repo_passport_verify_stub_relying_party",
      "mode": "managed",
      "type": "github_team_repository",
      "name": "repo_team_push",
      "each": "list",
      "provider": "provider.github",
      "instances": [
        {
          "index_key": 0,
          "schema_version": 0,
          "attributes": {
            "etag": "W/\"c8e7d2ccef5b6e5067fa65cd0f51ded3\"",
            "id": "2826122:passport-verify-stub-relying-party",
            "permission": "push",
            "repository": "passport-verify-stub-relying-party",
            "team_id": "2826122"
          },
          "depends_on": [
            "data.github_team.push_teams",
            "github_repository.repo"
          ]
        }
      ]
    },
    {
      "module": "module.repo_verify_data_pipeline",
      "mode": "managed",
      "type": "github_team_repository",
      "name": "repo_team_push",
      "each": "list",
      "provider": "provider.github",
      "instances": [
        {
          "index_key": 0,
          "schema_version": 0,
          "attributes": {
            "etag": "W/\"56ff90222823f5e7081831d0c4911e23\"",
            "id": "2826122:verify-data-pipeline",
            "permission": "push",
            "repository": "verify-data-pipeline",
            "team_id": "2826122"
          },
          "depends_on": [
            "data.github_team.push_teams",
            "github_repository.repo"
          ]
        }
      ]
    },
    {
      "module": "module.repo_verify_hub_federation_config",
      "mode": "managed",
      "type": "github_team_repository",
      "name": "repo_team_push",
      "each": "list",
      "provider": "provider.github",
      "instances": [
        {
          "index_key": 0,
          "schema_version": 0,
          "attributes": {
            "etag": "W/\"173ab3b674b042456aab7694b648396e\"",
            "id": "2826122:verify-hub-federation-config",
            "permission": "push",
            "repository": "verify-hub-federation-config",
            "team_id": "2826122"
          },
          "depends_on": [
            "data.github_team.teams",
            "github_repository.repo"
          ]
        }
      ]
    },
    {
      "module": "module.repo_verify_dashing",
      "mode": "managed",
      "type": "github_team_repository",
      "name": "repo_team_push",
      "each": "list",
      "provider": "provider.github",
      "instances": [
        {
          "index_key": 0,
          "schema_version": 0,
          "attributes": {
            "etag": "W/\"aaeeeb83ba17152c6fd07df4512aca1e\"",
            "id": "2826122:verify-dashing",
            "permission": "push",
            "repository": "verify-dashing",
            "team_id": "2826122"
          },
          "depends_on": [
            "github_repository.repo"
          ]
        }
      ]
    },
    {
      "module": "module.repo_verify_event_system_alarm_notifier",
      "mode": "managed",
      "type": "github_team_repository",
      "name": "repo_team_push",
      "each": "list",
      "provider": "provider.github",
      "instances": [
        {
          "index_key": 0,
          "schema_version": 0,
          "attributes": {
            "etag": "W/\"48ebf83d0b037eb43a5c1d72ea519494\"",
            "id": "2826122:verify-event-system-alarm-notifier",
            "permission": "push",
            "repository": "verify-event-system-alarm-notifier",
            "team_id": "2826122"
          },
          "depends_on": [
            "github_repository.repo"
          ]
        }
      ]
    },
    {
      "module": "module.repo_verify_local_startup",
      "mode": "managed",
      "type": "github_team_repository",
      "name": "repo_team_push",
      "each": "list",
      "provider": "provider.github",
      "instances": [
        {
          "index_key": 0,
          "schema_version": 0,
          "attributes": {
            "etag": "W/\"b63b71e8912f24ab646a3d3afda9270f\"",
            "id": "2826122:verify-local-startup",
            "permission": "push",
            "repository": "verify-local-startup",
            "team_id": "2826122"
          },
          "depends_on": [
            "github_repository.repo"
          ]
        }
      ]
    },
    {
      "module": "module.repo_verify_metadata",
      "mode": "managed",
      "type": "github_team_repository",
      "name": "repo_team_push",
      "each": "list",
      "provider": "provider.github",
      "instances": [
        {
          "index_key": 0,
          "schema_version": 0,
          "attributes": {
            "etag": "W/\"ea38e86bb56605b8a1ed189b9b519f12\"",
            "id": "2826122:verify-metadata",
            "permission": "push",
            "repository": "verify-metadata",
            "team_id": "2826122"
          },
          "depends_on": [
            "data.github_team.teams",
            "github_repository.repo"
          ]
        }
      ]
    },
    {
      "module": "module.repo_verify_frontend_federation_config",
      "mode": "managed",
      "type": "github_team_repository",
      "name": "repo_team_push",
      "each": "list",
      "provider": "provider.github",
      "instances": [
        {
          "index_key": 0,
          "schema_version": 0,
          "attributes": {
            "etag": "W/\"665e0c41094472fad3cf0428e6ff05ea\"",
            "id": "2826122:verify-frontend-federation-config",
            "permission": "push",
            "repository": "verify-frontend-federation-config",
            "team_id": "2826122"
          },
          "depends_on": [
            "data.github_team.push_teams",
            "github_repository.repo"
          ]
        }
      ]
    },
    {
      "module": "module.repo_verify_boxes",
      "mode": "managed",
      "type": "github_team_repository",
      "name": "repo_team_push",
      "each": "list",
      "provider": "provider.github",
      "instances": [
        {
          "index_key": 0,
          "schema_version": 0,
          "attributes": {
            "etag": "W/\"f4837adb926d8ad00f0452e488fe7b36\"",
            "id": "2826122:verify-boxes",
            "permission": "push",
            "repository": "verify-boxes",
            "team_id": "2826122"
          },
          "depends_on": [
            "data.github_team.push_teams",
            "github_repository.repo"
          ]
        },
        {
          "index_key": 1,
          "schema_version": 0,
          "attributes": {
            "etag": "W/\"f4837adb926d8ad00f0452e488fe7b36\"",
            "id": "2826127:verify-boxes",
            "permission": "push",
            "repository": "verify-boxes",
            "team_id": "2826127"
          },
          "depends_on": [
            "data.github_team.push_teams",
            "github_repository.repo"
          ]
        }
      ]
    },
    {
      "module": "module.repo_verify_saml_libs",
      "mode": "managed",
      "type": "github_team_repository",
      "name": "repo_team_push",
      "each": "list",
      "provider": "provider.github",
      "instances": [
        {
          "index_key": 0,
          "schema_version": 0,
          "attributes": {
            "etag": "W/\"81857ef16a375caeda710699a247a06a\"",
            "id": "2826122:verify-saml-libs",
            "permission": "push",
            "repository": "verify-saml-libs",
            "team_id": "2826122"
          },
          "depends_on": [
            "data.github_team.teams",
            "github_repository.repo"
          ]
        }
      ]
    },
    {
      "module": "module.repo_verify_german_eidas_middleware",
      "mode": "managed",
      "type": "github_team_repository",
      "name": "repo_team_push",
      "each": "list",
      "provider": "provider.github",
      "instances": [
        {
          "index_key": 0,
          "schema_version": 0,
          "attributes": {
            "etag": "W/\"a324f322cdf65d4711baff694b4ba864\"",
            "id": "2826126:verify-german-eidas-middleware",
            "permission": "push",
            "repository": "verify-german-eidas-middleware",
            "team_id": "2826126"
          },
          "depends_on": [
            "data.github_team.push_teams",
            "github_repository.repo"
          ]
        }
      ]
    },
    {
      "module": "module.repo_verify_tech_team",
      "mode": "managed",
      "type": "github_team_repository",
      "name": "repo_team_push",
      "each": "list",
      "provider": "provider.github",
      "instances": [
        {
          "index_key": 0,
          "schema_version": 0,
          "attributes": {
            "etag": "W/\"301d86166f8c0863ee7c679ccef61254\"",
            "id": "2826122:verify-tech-team",
            "permission": "push",
            "repository": "verify-tech-team",
            "team_id": "2826122"
          },
          "depends_on": [
            "data.github_team.push_teams",
            "github_repository.repo"
          ]
        }
      ]
    },
    {
      "module": "module.repo_verify_self_service_infrastructure",
      "mode": "managed",
      "type": "github_team_repository",
      "name": "repo_team_push",
      "each": "list",
      "provider": "provider.github",
      "instances": [
        {
          "index_key": 0,
          "schema_version": 0,
          "attributes": {
            "etag": "W/\"a8c2945c23ba999b627870078834e899\"",
            "id": "2826122:verify-self-service-infrastructure",
            "permission": "push",
            "repository": "verify-self-service-infrastructure",
            "team_id": "2826122"
          },
          "depends_on": [
            "github_repository.repo"
          ]
        }
      ]
    },
    {
      "module": "module.repo_verify_stub_idp_federation_config",
      "mode": "managed",
      "type": "github_team_repository",
      "name": "repo_team_push",
      "each": "list",
      "provider": "provider.github",
      "instances": [
        {
          "index_key": 0,
          "schema_version": 0,
          "attributes": {
            "etag": "W/\"a99ac9114098419b4848f000854a6dd4\"",
            "id": "2826122:verify-stub-idp-federation-config",
            "permission": "push",
            "repository": "verify-stub-idp-federation-config",
            "team_id": "2826122"
          },
          "depends_on": [
            "data.github_team.teams",
            "github_repository.repo"
          ]
        }
      ]
    },
    {
      "module": "module.repo_verify_eidas_mw_run",
      "mode": "managed",
      "type": "github_team_repository",
      "name": "repo_team_push",
      "each": "list",
      "provider": "provider.github",
      "instances": [
        {
          "index_key": 0,
          "schema_version": 0,
          "attributes": {
            "etag": "W/\"7b2767309897953c5200b0c28ec683c4\"",
            "id": "2826126:verify-eidas-mw-run",
            "permission": "push",
            "repository": "verify-eidas-mw-run",
            "team_id": "2826126"
          },
          "depends_on": [
            "data.github_team.push_teams",
            "github_repository.repo"
          ]
        }
      ]
    },
    {
      "module": "module.repo_verify_matching_service_adapter",
      "mode": "managed",
      "type": "github_team_repository",
      "name": "repo_team_push",
      "each": "list",
      "provider": "provider.github",
      "instances": [
        {
          "index_key": 0,
          "schema_version": 0,
          "attributes": {
            "etag": "W/\"a2634f7cb10b26d3c64ae56f0fe69dc9\"",
            "id": "2826122:verify-matching-service-adapter",
            "permission": "push",
            "repository": "verify-matching-service-adapter",
            "team_id": "2826122"
          },
          "depends_on": [
            "data.github_team.teams",
            "github_repository.repo"
          ]
        }
      ]
    },
    {
      "module": "module.repo_verify_blackbox_passwords",
      "mode": "managed",
      "type": "github_team_repository",
      "name": "repo_team_push",
      "each": "list",
      "provider": "provider.github",
      "instances": [
        {
          "index_key": 0,
          "schema_version": 0,
          "attributes": {
            "etag": "W/\"fb9a7421f48f765d9300a286c0f67f08\"",
            "id": "2826122:verify-blackbox-passwords",
            "permission": "push",
            "repository": "verify-blackbox-passwords",
            "team_id": "2826122"
          },
          "depends_on": [
            "data.github_team.push_teams",
            "github_repository.repo"
          ]
        },
        {
          "index_key": 1,
          "schema_version": 0,
          "attributes": {
            "etag": "W/\"fb9a7421f48f765d9300a286c0f67f08\"",
            "id": "2826127:verify-blackbox-passwords",
            "permission": "push",
            "repository": "verify-blackbox-passwords",
            "team_id": "2826127"
          },
          "depends_on": [
            "data.github_team.push_teams",
            "github_repository.repo"
          ]
        }
      ]
    },
    {
      "module": "module.repo_ida_hub_acceptance_tests",
      "mode": "managed",
      "type": "github_team_repository",
      "name": "repo_team_push",
      "each": "list",
      "provider": "provider.github",
      "instances": [
        {
          "index_key": 0,
          "schema_version": 0,
          "attributes": {
            "etag": "W/\"f04622e0978393a2f036b4edaeaa1449\"",
            "id": "2826122:ida-hub-acceptance-tests",
            "permission": "push",
            "repository": "ida-hub-acceptance-tests",
            "team_id": "2826122"
          },
          "depends_on": [
            "data.github_team.teams",
            "github_repository.repo"
          ]
        }
      ]
    },
    {
      "module": "module.repo_verify_eidas_metadata_aggregator",
      "mode": "managed",
      "type": "github_team_repository",
      "name": "repo_team_push",
      "each": "list",
      "provider": "provider.github",
      "instances": [
        {
          "index_key": 0,
          "schema_version": 0,
          "attributes": {
            "etag": "W/\"fbc076c3b0416a7d52f3c6baeed2fe1b\"",
            "id": "2826126:verify-eidas-metadata-aggregator",
            "permission": "push",
            "repository": "verify-eidas-metadata-aggregator",
            "team_id": "2826126"
          },
          "depends_on": [
            "data.github_team.push_teams",
            "github_repository.repo"
          ]
        }
      ]
    },
    {
      "module": "module.repo_verify_proxy_node",
      "mode": "managed",
      "type": "github_team_repository",
      "name": "repo_team_push",
      "each": "list",
      "provider": "provider.github",
      "instances": [
        {
          "index_key": 0,
          "schema_version": 0,
          "attributes": {
            "etag": "W/\"b996ab3f50c15a250c7240db641b58ee\"",
            "id": "2826126:verify-proxy-node",
            "permission": "push",
            "repository": "verify-proxy-node",
            "team_id": "2826126"
          },
          "depends_on": [
            "data.github_team.push_teams",
            "github_repository.repo"
          ]
        }
      ]
    },
    {
      "module": "module.repo_verify_event_recorder_service",
      "mode": "managed",
      "type": "github_team_repository",
      "name": "repo_team_push",
      "each": "list",
      "provider": "provider.github",
      "instances": [
        {
          "index_key": 0,
          "schema_version": 0,
          "attributes": {
            "etag": "W/\"216784f2ea5246fd070ac69e1a2f2c60\"",
            "id": "2826122:verify-event-recorder-service",
            "permission": "push",
            "repository": "verify-event-recorder-service",
            "team_id": "2826122"
          },
          "depends_on": [
            "data.github_team.teams",
            "github_repository.repo"
          ]
        }
      ]
    },
    {
      "module": "module.repo_verify_build_scripts",
      "mode": "managed",
      "type": "github_team_repository",
      "name": "repo_team_push",
      "each": "list",
      "provider": "provider.github",
      "instances": [
        {
          "index_key": 0,
          "schema_version": 0,
          "attributes": {
            "etag": "W/\"7cc5623f1108394c86be646907a03652\"",
            "id": "2826122:verify-build-scripts",
            "permission": "push",
            "repository": "verify-build-scripts",
            "team_id": "2826122"
          },
          "depends_on": [
            "data.github_team.push_teams",
            "github_repository.repo"
          ]
        }
      ]
    },
    {
      "module": "module.repo_verify_eidas_mw_config_generator",
      "mode": "managed",
      "type": "github_team_repository",
      "name": "repo_team_push",
      "each": "list",
      "provider": "provider.github",
      "instances": [
        {
          "index_key": 0,
          "schema_version": 0,
          "attributes": {
            "etag": "W/\"f326b92bf1f2a39bb44182f75557b4e0\"",
            "id": "2826126:verify-eidas-mw-config-generator",
            "permission": "push",
            "repository": "verify-eidas-mw-config-generator",
            "team_id": "2826126"
          },
          "depends_on": [
            "data.github_team.push_teams",
            "github_repository.repo"
          ]
        }
      ]
    },
    {
      "module": "module.repo_verify_stub_idp",
      "mode": "managed",
      "type": "github_team_repository",
      "name": "repo_team_push",
      "each": "list",
      "provider": "provider.github",
      "instances": [
        {
          "index_key": 0,
          "schema_version": 0,
          "attributes": {
            "etag": "W/\"f3cd71a0ec9ebf614d9be77847b5d7d1\"",
            "id": "2826122:verify-stub-idp",
            "permission": "push",
            "repository": "verify-stub-idp",
            "team_id": "2826122"
          },
          "depends_on": [
            "data.github_team.teams",
            "github_repository.repo"
          ]
        }
      ]
    },
    {
      "module": "module.repo_verify_team_manual",
      "mode": "managed",
      "type": "github_team_repository",
      "name": "repo_team_push",
      "each": "list",
      "provider": "provider.github",
      "instances": [
        {
          "index_key": 0,
          "schema_version": 0,
          "attributes": {
            "etag": "W/\"b355f00cf17c0dbba813f05f1a5b2344\"",
            "id": "2826122:verify-team-manual",
            "permission": "push",
            "repository": "verify-team-manual",
            "team_id": "2826122"
          },
          "depends_on": [
            "data.github_team.push_teams",
            "github_repository.repo"
          ]
        },
        {
          "index_key": 1,
          "schema_version": 0,
          "attributes": {
            "etag": "W/\"b355f00cf17c0dbba813f05f1a5b2344\"",
            "id": "2826127:verify-team-manual",
            "permission": "push",
            "repository": "verify-team-manual",
            "team_id": "2826127"
          },
          "depends_on": [
            "data.github_team.push_teams",
            "github_repository.repo"
          ]
        }
      ]
    },
    {
      "module": "module.repo_verify_jenkins_job_builder",
      "mode": "managed",
      "type": "github_team_repository",
      "name": "repo_team_push",
      "each": "list",
      "provider": "provider.github",
      "instances": [
        {
          "index_key": 0,
          "schema_version": 0,
          "attributes": {
            "etag": "W/\"8230310ff5ab9e5c4062fdbc1c1ef9a9\"",
            "id": "2826122:verify-jenkins-job-builder",
            "permission": "push",
            "repository": "verify-jenkins-job-builder",
            "team_id": "2826122"
          },
          "depends_on": [
            "data.github_team.push_teams",
            "github_repository.repo"
          ]
        },
        {
          "index_key": 1,
          "schema_version": 0,
          "attributes": {
            "etag": "W/\"8230310ff5ab9e5c4062fdbc1c1ef9a9\"",
            "id": "2826127:verify-jenkins-job-builder",
            "permission": "push",
            "repository": "verify-jenkins-job-builder",
            "team_id": "2826127"
          },
          "depends_on": [
            "data.github_team.push_teams",
            "github_repository.repo"
          ]
        }
      ]
    },
    {
      "module": "module.repo_verify_eidas_trust_anchor",
      "mode": "managed",
      "type": "github_team_repository",
      "name": "repo_team_push",
      "each": "list",
      "provider": "provider.github",
      "instances": [
        {
          "index_key": 0,
          "schema_version": 0,
          "attributes": {
            "etag": "W/\"d56fff413196b8b686d987097e038923\"",
            "id": "2826126:verify-eidas-trust-anchor",
            "permission": "push",
            "repository": "verify-eidas-trust-anchor",
            "team_id": "2826126"
          },
          "depends_on": [
            "data.github_team.push_teams",
            "github_repository.repo"
          ]
        }
      ]
    },
    {
      "module": "module.repo_verify_infrastructure_config",
      "mode": "managed",
      "type": "github_team_repository",
      "name": "repo_team_push",
      "each": "list",
      "provider": "provider.github",
      "instances": [
        {
          "index_key": 0,
          "schema_version": 0,
          "attributes": {
            "etag": "W/\"5e268f79e70f90a7ce8ebde7743b159d\"",
            "id": "2826122:verify-infrastructure-config",
            "permission": "push",
            "repository": "verify-infrastructure-config",
            "team_id": "2826122"
          },
          "depends_on": [
            "data.github_team.push_teams",
            "github_repository.repo"
          ]
        },
        {
          "index_key": 1,
          "schema_version": 0,
          "attributes": {
            "etag": "W/\"5e268f79e70f90a7ce8ebde7743b159d\"",
            "id": "2826127:verify-infrastructure-config",
            "permission": "push",
            "repository": "verify-infrastructure-config",
            "team_id": "2826127"
          },
          "depends_on": [
            "data.github_team.push_teams",
            "github_repository.repo"
          ]
        }
      ]
    },
    {
      "module": "module.repo_ida_performance_tests",
      "mode": "managed",
      "type": "github_team_repository",
      "name": "repo_team_push",
      "each": "list",
      "provider": "provider.github",
      "instances": [
        {
          "index_key": 0,
          "schema_version": 0,
          "attributes": {
            "etag": "W/\"5d4faab2b77e27c3ae611eecae5ad5c7\"",
            "id": "2826122:ida-performance-tests",
            "permission": "push",
            "repository": "ida-performance-tests",
            "team_id": "2826122"
          },
          "depends_on": [
            "github_repository.repo"
          ]
        }
      ]
    },
    {
      "module": "module.repo_verify_event_emitter",
      "mode": "managed",
      "type": "github_team_repository",
      "name": "repo_team_push",
      "each": "list",
      "provider": "provider.github",
      "instances": [
        {
          "index_key": 0,
          "schema_version": 0,
          "attributes": {
            "etag": "W/\"b169af512688f638fc63dd8c313260ed\"",
            "id": "2826122:verify-event-emitter",
            "permission": "push",
            "repository": "verify-event-emitter",
            "team_id": "2826122"
          },
          "depends_on": [
            "data.github_team.teams",
            "github_repository.repo"
          ]
        }
      ]
    },
    {
      "module": "module.repo_verify_product_page",
      "mode": "managed",
      "type": "github_team_repository",
      "name": "repo_team_push",
      "each": "list",
      "provider": "provider.github",
      "instances": [
        {
          "index_key": 0,
          "schema_version": 0,
          "attributes": {
            "etag": "W/\"3180fe7261f14c48b6b34c76908d1a0f\"",
            "id": "2826122:verify-product-page",
            "permission": "push",
            "repository": "verify-product-page",
            "team_id": "2826122"
          },
          "depends_on": [
            "github_repository.repo"
          ]
        }
      ]
    },
    {
      "module": "module.repo_passport_verify",
      "mode": "managed",
      "type": "github_team_repository",
      "name": "repo_team_push",
      "each": "list",
      "provider": "provider.github",
      "instances": [
        {
          "index_key": 0,
          "schema_version": 0,
          "attributes": {
            "etag": "W/\"47db78637727c346c6ac9bed14acdfcf\"",
            "id": "2826122:passport-verify",
            "permission": "push",
            "repository": "passport-verify",
            "team_id": "2826122"
          },
          "depends_on": [
            "data.github_team.push_teams",
            "github_repository.repo"
          ]
        }
      ]
    },
    {
      "module": "module.repo_doc_checking",
      "mode": "managed",
      "type": "github_team_repository",
      "name": "repo_team_push",
      "each": "list",
      "provider": "provider.github",
      "instances": [
        {
          "index_key": 0,
          "schema_version": 0,
          "attributes": {
            "etag": "W/\"b8a97875bf5e1ca53b5434c363c14850\"",
            "id": "2826122:doc-checking",
            "permission": "push",
            "repository": "doc-checking",
            "team_id": "2826122"
          },
          "depends_on": [
            "data.github_team.push_teams",
            "github_repository.repo"
          ]
        }
      ]
    },
    {
      "module": "module.repo_verify_ansible",
      "mode": "managed",
      "type": "github_team_repository",
      "name": "repo_team_push",
      "each": "list",
      "provider": "provider.github",
      "instances": [
        {
          "index_key": 0,
          "schema_version": 0,
          "attributes": {
            "etag": "W/\"daee619bb8b3ecd86832d747d1723cdf\"",
            "id": "2826122:verify-ansible",
            "permission": "push",
            "repository": "verify-ansible",
            "team_id": "2826122"
          },
          "depends_on": [
            "data.github_team.push_teams",
            "github_repository.repo"
          ]
        },
        {
          "index_key": 1,
          "schema_version": 0,
          "attributes": {
            "etag": "W/\"daee619bb8b3ecd86832d747d1723cdf\"",
            "id": "2826127:verify-ansible",
            "permission": "push",
            "repository": "verify-ansible",
            "team_id": "2826127"
          },
          "depends_on": [
            "data.github_team.push_teams",
            "github_repository.repo"
          ]
        }
      ]
    },
    {
      "module": "module.repo_verify_service_provider",
      "mode": "managed",
      "type": "github_team_repository",
      "name": "repo_team_push",
      "each": "list",
      "provider": "provider.github",
      "instances": [
        {
          "index_key": 0,
          "schema_version": 0,
          "attributes": {
            "etag": "W/\"e8adf567900074f1982c66936c4e1353\"",
            "id": "2826122:verify-service-provider",
            "permission": "push",
            "repository": "verify-service-provider",
            "team_id": "2826122"
          },
          "depends_on": [
            "data.github_team.push_teams",
            "github_repository.repo"
          ]
        }
      ]
    },
    {
      "module": "module.repo_verify_event_system_database_scripts",
      "mode": "managed",
      "type": "github_team_repository",
      "name": "repo_team_push",
      "each": "list",
      "provider": "provider.github",
      "instances": [
        {
          "index_key": 0,
          "schema_version": 0,
          "attributes": {
            "etag": "W/\"f4bb3c51c0d03cfceb679bd986310b17\"",
            "id": "2826122:verify-event-system-database-scripts",
            "permission": "push",
            "repository": "verify-event-system-database-scripts",
            "team_id": "2826122"
          },
          "depends_on": [
            "github_repository.repo"
          ]
        }
      ]
    },
    {
      "module": "module.repo_verify_infrastructure",
      "mode": "managed",
      "type": "github_team_repository",
      "name": "repo_team_push",
      "each": "list",
      "provider": "provider.github",
      "instances": [
        {
          "index_key": 0,
          "schema_version": 0,
          "attributes": {
            "etag": "W/\"0a566ce89046b7f07fffc34fba124cd2\"",
            "id": "2826122:verify-infrastructure",
            "permission": "push",
            "repository": "verify-infrastructure",
            "team_id": "2826122"
          },
          "depends_on": [
            "data.github_team.push_teams",
            "github_repository.repo"
          ]
        },
        {
          "index_key": 1,
          "schema_version": 0,
          "attributes": {
            "etag": "W/\"0a566ce89046b7f07fffc34fba124cd2\"",
            "id": "2826127:verify-infrastructure",
            "permission": "push",
            "repository": "verify-infrastructure",
            "team_id": "2826127"
          },
          "depends_on": [
            "data.github_team.push_teams",
            "github_repository.repo"
          ]
        }
      ]
    },
    {
      "module": "module.repo_verify_performance",
      "mode": "managed",
      "type": "github_team_repository",
      "name": "repo_team_push",
      "each": "list",
      "provider": "provider.github",
      "instances": [
        {
          "index_key": 0,
          "schema_version": 0,
          "attributes": {
            "etag": "W/\"2e72bc35ada874993ad745cb87f3ebef\"",
            "id": "2826122:verify-performance",
            "permission": "push",
            "repository": "verify-performance",
            "team_id": "2826122"
          },
          "depends_on": [
            "data.github_team.push_teams",
            "github_repository.repo"
          ]
        }
      ]
    },
    {
      "module": "module.repo_dcs_client_acceptance_tests",
      "mode": "managed",
      "type": "github_team_repository",
      "name": "repo_team_push",
      "each": "list",
      "provider": "provider.github",
      "instances": [
        {
          "index_key": 0,
          "schema_version": 0,
          "attributes": {
            "etag": "W/\"82c58f8faf0c04cc54e5d6d7d3d5000f\"",
            "id": "2826122:dcs-client-acceptance-tests",
            "permission": "push",
            "repository": "dcs-client-acceptance-tests",
            "team_id": "2826122"
          },
          "depends_on": [
            "data.github_team.push_teams",
            "github_repository.repo"
          ]
        }
      ]
    },
    {
      "module": "module.repo_verify_terraform",
      "mode": "managed",
      "type": "github_team_repository",
      "name": "repo_team_push",
      "each": "list",
      "provider": "provider.github",
      "instances": [
        {
          "index_key": 0,
          "schema_version": 0,
          "attributes": {
            "etag": "W/\"fd6fb0bf7476ce3c4afd2ee005883a47\"",
            "id": "2826122:verify-terraform",
            "permission": "push",
            "repository": "verify-terraform",
            "team_id": "2826122"
          },
          "depends_on": [
            "data.github_team.push_teams",
            "github_repository.repo"
          ]
        },
        {
          "index_key": 1,
          "schema_version": 0,
          "attributes": {
            "etag": "W/\"fd6fb0bf7476ce3c4afd2ee005883a47\"",
            "id": "2826127:verify-terraform",
            "permission": "push",
            "repository": "verify-terraform",
            "team_id": "2826127"
          },
          "depends_on": [
            "data.github_team.push_teams",
            "github_repository.repo"
          ]
        }
      ]
    },
    {
      "module": "module.repo_verify_acceptance_tests",
      "mode": "managed",
      "type": "github_team_repository",
      "name": "repo_team_push",
      "each": "list",
      "provider": "provider.github",
      "instances": [
        {
          "index_key": 0,
          "schema_version": 0,
          "attributes": {
            "etag": "W/\"a904c9d8af801cf62c97b8623e18a7a3\"",
            "id": "2826122:verify-acceptance-tests",
            "permission": "push",
            "repository": "verify-acceptance-tests",
            "team_id": "2826122"
          },
          "depends_on": [
            "data.github_team.teams",
            "github_repository.repo"
          ]
        }
      ]
    },
    {
      "module": "module.repo_verify_matomo_utils",
      "mode": "managed",
      "type": "github_team_repository",
      "name": "repo_team_push",
      "each": "list",
      "provider": "provider.github",
      "instances": [
        {
          "index_key": 0,
          "schema_version": 0,
          "attributes": {
            "etag": "W/\"180b36be417ba6331b33e70cbbcfb4ac\"",
            "id": "2826122:verify-matomo-utils",
            "permission": "push",
            "repository": "verify-matomo-utils",
            "team_id": "2826122"
          },
          "depends_on": [
            "github_repository.repo"
          ]
        }
      ]
    },
    {
      "module": "module.repo_verify_idp_pid_hasherator",
      "mode": "managed",
      "type": "github_team_repository",
      "name": "repo_team_push",
      "each": "list",
      "provider": "provider.github",
      "instances": [
        {
          "index_key": 0,
          "schema_version": 0,
          "attributes": {
            "etag": "W/\"a482f19fb83a85ff42fa54eb7e9539ea\"",
            "id": "2826122:verify-idp-pid-hasherator",
            "permission": "push",
            "repository": "verify-idp-pid-hasherator",
            "team_id": "2826122"
          },
          "depends_on": [
            "github_repository.repo"
          ]
        }
      ]
    },
    {
      "module": "module.repo_verify_gradle",
      "mode": "managed",
      "type": "github_team_repository",
      "name": "repo_team_push",
      "each": "list",
      "provider": "provider.github",
      "instances": [
        {
          "index_key": 0,
          "schema_version": 0,
          "attributes": {
            "etag": "W/\"6d437caf5e6ab96b388b12405b37a0bd\"",
            "id": "2826122:verify-gradle",
            "permission": "push",
            "repository": "verify-gradle",
            "team_id": "2826122"
          },
          "private": "bnVsbA==",
          "depends_on": [
            "github_repository.repo"
          ]
        }
      ]
    },
    {
      "module": "module.repo_verify_datascience_sandbox",
      "mode": "managed",
      "type": "github_team_repository",
      "name": "repo_team_push",
      "each": "list",
      "provider": "provider.github",
      "instances": [
        {
          "index_key": 0,
          "schema_version": 0,
          "attributes": {
            "etag": "W/\"39bf0c05a8d3913ec3672cf2d5c24153\"",
            "id": "2826122:verify-datascience-sandbox",
            "permission": "push",
            "repository": "verify-datascience-sandbox",
            "team_id": "2826122"
          },
          "depends_on": [
            "data.github_team.push_teams",
            "github_repository.repo"
          ]
        }
      ]
    },
    {
      "module": "module.repo_verify_rp_environment_config_form",
      "mode": "managed",
      "type": "github_team_repository",
      "name": "repo_team_push",
      "each": "list",
      "provider": "provider.github",
      "instances": [
        {
          "index_key": 0,
          "schema_version": 0,
          "attributes": {
            "etag": "W/\"db0452fda44d8019bc97123b880dbcfc\"",
            "id": "2826122:verify-rp-environment-config-form",
            "permission": "push",
            "repository": "verify-rp-environment-config-form",
            "team_id": "2826122"
          },
          "depends_on": [
            "data.github_team.push_teams",
            "github_repository.repo"
          ]
        }
      ]
    },
    {
      "module": "module.repo_verify_data_schemas",
      "mode": "managed",
      "type": "github_team_repository",
      "name": "repo_team_push",
      "each": "list",
      "provider": "provider.github",
      "instances": [
        {
          "index_key": 0,
          "schema_version": 0,
          "attributes": {
            "etag": "W/\"e7030e1161ee6f590acfd34758bad935\"",
            "id": "2826122:verify-data-schemas",
            "permission": "pull",
            "repository": "verify-data-schemas",
            "team_id": "2826122"
          },
          "depends_on": [
            "data.github_team.push_teams",
            "github_repository.repo"
          ]
        }
      ]
    },
    {
      "module": "module.repo_verify_event_emitter_loader",
      "mode": "managed",
      "type": "github_team_repository",
      "name": "repo_team_push",
      "each": "list",
      "provider": "provider.github",
      "instances": [
        {
          "index_key": 0,
          "schema_version": 0,
          "attributes": {
            "etag": "W/\"562870b6205ee9b10d32da515165880b\"",
            "id": "2826122:verify-event-emitter-loader",
            "permission": "push",
            "repository": "verify-event-emitter-loader",
            "team_id": "2826122"
          },
          "depends_on": [
            "data.github_team.push_teams",
            "github_repository.repo"
          ]
        }
      ]
    },
    {
      "module": "module.repo_metadata_checker",
      "mode": "managed",
      "type": "github_team_repository",
      "name": "repo_team_push",
      "each": "list",
      "provider": "provider.github",
      "instances": [
        {
          "index_key": 0,
          "schema_version": 0,
          "attributes": {
            "etag": "W/\"c81668c5add2d3c4ec37654333ff016c\"",
            "id": "2826122:metadata-checker",
            "permission": "push",
            "repository": "metadata-checker",
            "team_id": "2826122"
          },
          "depends_on": [
            "data.github_team.push_teams",
            "github_repository.repo"
          ]
        },
        {
          "index_key": 1,
          "schema_version": 0,
          "attributes": {
            "etag": "W/\"c81668c5add2d3c4ec37654333ff016c\"",
            "id": "2826127:metadata-checker",
            "permission": "push",
            "repository": "metadata-checker",
            "team_id": "2826127"
          },
          "depends_on": [
            "data.github_team.push_teams",
            "github_repository.repo"
          ]
        }
      ]
    },
    {
      "module": "module.repo_verify_frontend",
      "mode": "managed",
      "type": "github_team_repository",
      "name": "repo_team_push",
      "each": "list",
      "provider": "provider.github",
      "instances": [
        {
          "index_key": 0,
          "schema_version": 0,
          "attributes": {
            "etag": "W/\"463358889a69e69a5026b69f57192d4f\"",
            "id": "2826122:verify-frontend",
            "permission": "push",
            "repository": "verify-frontend",
            "team_id": "2826122"
          },
          "depends_on": [
            "data.github_team.push_teams",
            "github_repository.repo"
          ]
        }
      ]
    },
    {
      "module": "module.repo_verify_il3_laptop_bootstrap",
      "mode": "managed",
      "type": "github_team_repository",
      "name": "repo_team_push",
      "each": "list",
      "provider": "provider.github",
      "instances": [
        {
          "index_key": 0,
          "schema_version": 0,
          "attributes": {
            "etag": "W/\"b09c0ff7f6c2301cf0c36dd7247c0a31\"",
            "id": "2826122:verify-il3-laptop-bootstrap",
            "permission": "push",
            "repository": "verify-il3-laptop-bootstrap",
            "team_id": "2826122"
          },
          "depends_on": [
            "data.github_team.push_teams",
            "github_repository.repo"
          ]
        },
        {
          "index_key": 1,
          "schema_version": 0,
          "attributes": {
            "etag": "W/\"b09c0ff7f6c2301cf0c36dd7247c0a31\"",
            "id": "2826127:verify-il3-laptop-bootstrap",
            "permission": "push",
            "repository": "verify-il3-laptop-bootstrap",
            "team_id": "2826127"
          },
          "depends_on": [
            "data.github_team.push_teams",
            "github_repository.repo"
          ]
        }
      ]
    },
    {
      "module": "module.repo_verify_release_logs",
      "mode": "managed",
      "type": "github_team_repository",
      "name": "repo_team_push",
      "each": "list",
      "provider": "provider.github",
      "instances": [
        {
          "index_key": 0,
          "schema_version": 0,
          "attributes": {
            "etag": "W/\"58696161667b2fcf5e2883eb14ac213b\"",
            "id": "2826122:verify-release-logs",
            "permission": "push",
            "repository": "verify-release-logs",
            "team_id": "2826122"
          },
          "depends_on": [
            "data.github_team.push_teams",
            "github_repository.repo"
          ]
        }
      ]
    },
    {
      "module": "module.repo_dcs_client",
      "mode": "managed",
      "type": "github_team_repository",
      "name": "repo_team_push",
      "each": "list",
      "provider": "provider.github",
      "instances": [
        {
          "index_key": 0,
          "schema_version": 0,
          "attributes": {
            "etag": "W/\"8b349dc0f11c9bd68b4cb9b6c9d1770e\"",
            "id": "2826122:dcs-client",
            "permission": "push",
            "repository": "dcs-client",
            "team_id": "2826122"
          },
          "depends_on": [
            "data.github_team.push_teams",
            "github_repository.repo"
          ]
        }
      ]
    },
    {
      "module": "module.repo_verify_idp_predictor",
      "mode": "managed",
      "type": "github_team_repository",
      "name": "repo_team_push",
      "each": "list",
      "provider": "provider.github",
      "instances": [
        {
          "index_key": 0,
          "schema_version": 0,
          "attributes": {
            "etag": "W/\"6031d2ca1bcc25576814cf4c7e1e1485\"",
            "id": "2826122:verify-idp-predictor",
            "permission": "push",
            "repository": "verify-idp-predictor",
            "team_id": "2826122"
          },
          "depends_on": [
            "data.github_team.push_teams",
            "github_repository.repo"
          ]
        }
      ]
    },
    {
      "module": "module.repo_verify_test_repo",
      "mode": "managed",
      "type": "github_team_repository",
      "name": "repo_team_push",
      "each": "list",
      "provider": "provider.github",
      "instances": [
        {
          "index_key": 0,
          "schema_version": 0,
          "attributes": {
            "etag": "W/\"f4718cc63cf14b389be159d9e8bfb2a9\"",
            "id": "2826122:verify-test-repo",
            "permission": "push",
            "repository": "verify-test-repo",
            "team_id": "2826122"
          },
          "depends_on": [
            "data.github_team.teams",
            "github_repository.repo"
          ]
        }
      ]
    },
    {
      "module": "module.repo_splunk_library_javalogging",
      "mode": "managed",
      "type": "github_team_repository",
      "name": "repo_team_push",
      "each": "list",
      "provider": "provider.github",
      "instances": [
        {
          "index_key": 0,
          "schema_version": 0,
          "attributes": {
            "etag": "W/\"5967792d332c176676429c3acd5731be\"",
            "id": "2826122:splunk-library-javalogging",
            "permission": "push",
            "repository": "splunk-library-javalogging",
            "team_id": "2826122"
          },
          "depends_on": [
            "github_repository.repo"
          ]
        }
      ]
    },
    {
      "module": "module.repo_verify_puppet",
      "mode": "managed",
      "type": "github_team_repository",
      "name": "repo_team_push",
      "each": "list",
      "provider": "provider.github",
      "instances": [
        {
          "index_key": 0,
          "schema_version": 0,
          "attributes": {
            "etag": "W/\"319b00943c7791a7fb752a7d4a952f03\"",
            "id": "2826122:verify-puppet",
            "permission": "push",
            "repository": "verify-puppet",
            "team_id": "2826122"
          },
          "depends_on": [
            "data.github_team.push_teams",
            "github_repository.repo"
          ]
        },
        {
          "index_key": 1,
          "schema_version": 0,
          "attributes": {
            "etag": "W/\"319b00943c7791a7fb752a7d4a952f03\"",
            "id": "2826127:verify-puppet",
            "permission": "push",
            "repository": "verify-puppet",
            "team_id": "2826127"
          },
          "depends_on": [
            "data.github_team.push_teams",
            "github_repository.repo"
          ]
        }
      ]
    },
    {
      "module": "module.repo_verify_self_service",
      "mode": "managed",
      "type": "github_team_repository",
      "name": "repo_team_push",
      "each": "list",
      "provider": "provider.github",
      "instances": [
        {
          "index_key": 0,
          "schema_version": 0,
          "attributes": {
            "etag": "W/\"c9d70e712acefb9d63575ecfcc1095d0\"",
            "id": "2826122:verify-self-service",
            "permission": "push",
            "repository": "verify-self-service",
            "team_id": "2826122"
          },
          "depends_on": [
            "data.github_team.push_teams",
            "github_repository.repo"
          ]
        }
      ]
    },
    {
      "module": "module.repo_verify_performance_scripts",
      "mode": "managed",
      "type": "github_team_repository",
      "name": "repo_team_push",
      "each": "list",
      "provider": "provider.github",
      "instances": [
        {
          "index_key": 0,
          "schema_version": 0,
          "attributes": {
            "etag": "W/\"f40f84d77a8f58136d1083b5e520942e\"",
            "id": "2826122:verify-performance-scripts",
            "permission": "push",
            "repository": "verify-performance-scripts",
            "team_id": "2826122"
          },
          "depends_on": [
            "data.github_team.push_teams",
            "github_repository.repo"
          ]
        }
      ]
    },
    {
      "module": "module.repo_dropwizard_logstash",
      "mode": "managed",
      "type": "github_team_repository",
      "name": "repo_team_push",
      "each": "list",
      "provider": "provider.github",
      "instances": [
        {
          "index_key": 0,
          "schema_version": 0,
          "attributes": {
            "etag": "W/\"1dfb7296ac0cb1699685362703cc1fea\"",
            "id": "2826122:dropwizard-logstash",
            "permission": "push",
            "repository": "dropwizard-logstash",
            "team_id": "2826122"
          },
          "private": "bnVsbA==",
          "depends_on": [
            "github_repository.repo"
          ]
        }
      ]
    }
  ]
}
