{
    "version": 3,
    "terraform_version": "0.11.13",
    "serial": 243,
    "lineage": "e05ac5fe-9a52-a058-fa84-c98012a6fa07",
    "modules": [
        {
            "path": [
                "root"
            ],
            "outputs": {},
            "resources": {
                "data.github_team.core": {
                    "type": "github_team",
                    "depends_on": [],
                    "primary": {
                        "id": "2826122",
                        "attributes": {
                            "description": "Verify tech team: verify-tech-team-core",
                            "id": "2826122",
                            "members.#": "30",
                            "members.0": "idrop",
                            "members.1": "46bit",
                            "members.10": "Todai88",
                            "members.11": "robinmitra",
                            "members.12": "brenetic",
                            "members.13": "nacnudus",
                            "members.14": "CharlesIC",
                            "members.15": "jkunle",
                            "members.16": "sakisv",
                            "members.17": "Rosa-Fox",
                            "members.18": "AnneCarr",
                            "members.19": "ida-build-bot",
                            "members.2": "galund",
                            "members.20": "chrisclayson",
                            "members.21": "blairboy362",
                            "members.22": "Wynndow",
                            "members.23": "andy-paine",
                            "members.24": "tomrosier",
                            "members.25": "bjgill",
                            "members.26": "RacingHippo",
                            "members.27": "bravegrape",
                            "members.28": "mhussein-gds",
                            "members.29": "adityapahuja",
                            "members.3": "issyl0",
                            "members.4": "philandstuff",
                            "members.5": "chrisholmes",
                            "members.6": "thomasalanlee",
                            "members.7": "tlwr",
                            "members.8": "kerrr",
                            "members.9": "zilnhoj",
                            "name": "verify-tech-team-core",
                            "permission": "pull",
                            "privacy": "closed",
                            "slug": "verify-tech-team-core"
                        },
                        "meta": {},
                        "tainted": false
                    },
                    "deposed": [],
                    "provider": "provider.github"
                },
                "data.github_team.eidas": {
                    "type": "github_team",
                    "depends_on": [],
                    "primary": {
                        "id": "2826126",
                        "attributes": {
                            "description": "Verify tech team: verify-tech-team-eidas",
                            "id": "2826126",
                            "members.#": "13",
                            "members.0": "idrop",
                            "members.1": "chrisholmes",
                            "members.10": "dbes-gds",
                            "members.11": "JohnWattsGDS",
                            "members.12": "ida-codacy-bot",
                            "members.2": "thomasalanlee",
                            "members.3": "CharlesIC",
                            "members.4": "ida-build-bot",
                            "members.5": "blairboy362",
                            "members.6": "Wynndow",
                            "members.7": "tomrosier",
                            "members.8": "benjamin-mortimer",
                            "members.9": "JHjava",
                            "name": "verify-tech-team-eidas",
                            "permission": "pull",
                            "privacy": "closed",
                            "slug": "verify-tech-team-eidas"
                        },
                        "meta": {},
                        "tainted": false
                    },
                    "deposed": [],
                    "provider": "provider.github"
                },
                "data.github_team.infrastructure": {
                    "type": "github_team",
                    "depends_on": [],
                    "primary": {
                        "id": "2826127",
                        "attributes": {
                            "description": "Verify tech team: verify-tech-team-infrastructure",
                            "id": "2826127",
                            "members.#": "18",
                            "members.0": "46bit",
                            "members.1": "issyl0",
                            "members.10": "blairboy362",
                            "members.11": "andy-paine",
                            "members.12": "jstandring-gds",
                            "members.13": "adityapahuja",
                            "members.14": "rhowe-gds",
                            "members.15": "matthewcullum-gds",
                            "members.16": "szd55gds",
                            "members.17": "rbonenettitude",
                            "members.2": "philandstuff",
                            "members.3": "chrisholmes",
                            "members.4": "thomasalanlee",
                            "members.5": "mmhmm",
                            "members.6": "tlwr",
                            "members.7": "sakisv",
                            "members.8": "stephengrier",
                            "members.9": "smford",
                            "name": "verify-tech-team-infrastructure",
                            "permission": "pull",
                            "privacy": "closed",
                            "slug": "verify-tech-team-infrastructure"
                        },
                        "meta": {},
                        "tainted": false
                    },
                    "deposed": [],
                    "provider": "provider.github"
                }
            },
            "depends_on": []
        },
        {
            "path": [
                "root",
                "repo_dcs_client"
            ],
            "outputs": {},
            "resources": {
                "github_branch_protection.repo_protect_master": {
                    "type": "github_branch_protection",
                    "depends_on": [],
                    "primary": {
                        "id": "dcs-client:master",
                        "attributes": {
                            "branch": "master",
                            "enforce_admins": "false",
                            "etag": "W/\"d4cdeffab80b98d78642cf6760d5b58e\"",
                            "id": "dcs-client:master",
                            "repository": "dcs-client",
                            "required_pull_request_reviews.#": "1",
                            "required_pull_request_reviews.0.dismiss_stale_reviews": "true",
                            "required_pull_request_reviews.0.dismissal_teams.#": "0",
                            "required_pull_request_reviews.0.dismissal_users.#": "0",
                            "required_pull_request_reviews.0.include_admins": "false",
                            "required_pull_request_reviews.0.require_code_owner_reviews": "false",
                            "required_pull_request_reviews.0.required_approving_review_count": "2",
                            "required_status_checks.#": "0",
                            "restrictions.#": "0"
                        },
                        "meta": {},
                        "tainted": false
                    },
                    "deposed": [],
                    "provider": "provider.github"
                },
                "github_repository.repo": {
                    "type": "github_repository",
                    "depends_on": [],
                    "primary": {
                        "id": "dcs-client",
                        "attributes": {
                            "allow_merge_commit": "true",
                            "allow_rebase_merge": "false",
                            "allow_squash_merge": "false",
                            "archived": "false",
                            "auto_init": "true",
                            "default_branch": "master",
                            "description": "A client for the Document Checking Service",
                            "etag": "W/\"7c6a0989fbe4e88bc5bcd823737b689f\"",
                            "full_name": "alphagov/dcs-client",
                            "git_clone_url": "git://github.com/alphagov/dcs-client.git",
                            "has_downloads": "false",
                            "has_issues": "true",
                            "has_wiki": "true",
                            "homepage_url": "",
                            "html_url": "https://github.com/alphagov/dcs-client",
                            "http_clone_url": "https://github.com/alphagov/dcs-client.git",
                            "id": "dcs-client",
                            "name": "dcs-client",
                            "private": "false",
                            "ssh_clone_url": "git@github.com:alphagov/dcs-client.git",
                            "svn_url": "https://github.com/alphagov/dcs-client",
                            "topics.#": "2",
                            "topics.1787300128": "dcs",
                            "topics.2357015465": "verify"
                        },
                        "meta": {},
                        "tainted": false
                    },
                    "deposed": [],
                    "provider": "provider.github"
                },
                "github_team_repository.repo_team_push": {
                    "type": "github_team_repository",
                    "depends_on": [
                        "data.github_team.push_teams.*",
                        "github_repository.repo"
                    ],
                    "primary": {
                        "id": "2826122:dcs-client",
                        "attributes": {
                            "etag": "W/\"3518f6f6001cf758b069c3f114556677\"",
                            "id": "2826122:dcs-client",
                            "permission": "push",
                            "repository": "dcs-client",
                            "team_id": "2826122"
                        },
                        "meta": {},
                        "tainted": false
                    },
                    "deposed": [],
                    "provider": "provider.github"
                }
            },
            "depends_on": []
        },
        {
            "path": [
                "root",
                "repo_dcs_client_acceptance_tests"
            ],
            "outputs": {},
            "resources": {
                "github_branch_protection.repo_protect_master": {
                    "type": "github_branch_protection",
                    "depends_on": [],
                    "primary": {
                        "id": "dcs-client-acceptance-tests:master",
                        "attributes": {
                            "branch": "master",
                            "enforce_admins": "false",
                            "etag": "W/\"a45caa14e330a8711dc93ca5fc737098\"",
                            "id": "dcs-client-acceptance-tests:master",
                            "repository": "dcs-client-acceptance-tests",
                            "required_pull_request_reviews.#": "1",
                            "required_pull_request_reviews.0.dismiss_stale_reviews": "true",
                            "required_pull_request_reviews.0.dismissal_teams.#": "0",
                            "required_pull_request_reviews.0.dismissal_users.#": "0",
                            "required_pull_request_reviews.0.include_admins": "false",
                            "required_pull_request_reviews.0.require_code_owner_reviews": "false",
                            "required_pull_request_reviews.0.required_approving_review_count": "2",
                            "required_status_checks.#": "0",
                            "restrictions.#": "0"
                        },
                        "meta": {},
                        "tainted": false
                    },
                    "deposed": [],
                    "provider": "provider.github"
                },
                "github_repository.repo": {
                    "type": "github_repository",
                    "depends_on": [],
                    "primary": {
                        "id": "dcs-client-acceptance-tests",
                        "attributes": {
                            "allow_merge_commit": "true",
                            "allow_rebase_merge": "false",
                            "allow_squash_merge": "false",
                            "archived": "false",
                            "auto_init": "true",
                            "default_branch": "master",
                            "description": "Acceptance tests for the DCS client - https://github.com/alphagov/dcs-client",
                            "etag": "W/\"614ecd03f3319ce4913f4ecb2a97e974\"",
                            "full_name": "alphagov/dcs-client-acceptance-tests",
                            "git_clone_url": "git://github.com/alphagov/dcs-client-acceptance-tests.git",
                            "has_downloads": "false",
                            "has_issues": "true",
                            "has_wiki": "true",
                            "homepage_url": "",
                            "html_url": "https://github.com/alphagov/dcs-client-acceptance-tests",
                            "http_clone_url": "https://github.com/alphagov/dcs-client-acceptance-tests.git",
                            "id": "dcs-client-acceptance-tests",
                            "name": "dcs-client-acceptance-tests",
                            "private": "true",
                            "ssh_clone_url": "git@github.com:alphagov/dcs-client-acceptance-tests.git",
                            "svn_url": "https://github.com/alphagov/dcs-client-acceptance-tests",
                            "topics.#": "1",
                            "topics.2357015465": "verify"
                        },
                        "meta": {},
                        "tainted": false
                    },
                    "deposed": [],
                    "provider": "provider.github"
                },
                "github_team_repository.repo_team_push": {
                    "type": "github_team_repository",
                    "depends_on": [
                        "data.github_team.push_teams.*",
                        "github_repository.repo"
                    ],
                    "primary": {
                        "id": "2826122:dcs-client-acceptance-tests",
                        "attributes": {
                            "etag": "W/\"5800781e1026b5da4a50054f554a56c5\"",
                            "id": "2826122:dcs-client-acceptance-tests",
                            "permission": "push",
                            "repository": "dcs-client-acceptance-tests",
                            "team_id": "2826122"
                        },
                        "meta": {},
                        "tainted": false
                    },
                    "deposed": [],
                    "provider": "provider.github"
                }
            },
            "depends_on": []
        },
        {
            "path": [
                "root",
                "repo_dcs_performance_tests"
            ],
            "outputs": {},
            "resources": {
                "github_branch_protection.repo_protect_master": {
                    "type": "github_branch_protection",
                    "depends_on": [],
                    "primary": {
                        "id": "dcs-performance-tests:master",
                        "attributes": {
                            "branch": "master",
                            "enforce_admins": "false",
                            "etag": "W/\"2ed7bee74c28addd8f568b82834cf331\"",
                            "id": "dcs-performance-tests:master",
                            "repository": "dcs-performance-tests",
                            "required_pull_request_reviews.#": "1",
                            "required_pull_request_reviews.0.dismiss_stale_reviews": "true",
                            "required_pull_request_reviews.0.dismissal_teams.#": "0",
                            "required_pull_request_reviews.0.dismissal_users.#": "0",
                            "required_pull_request_reviews.0.include_admins": "false",
                            "required_pull_request_reviews.0.require_code_owner_reviews": "false",
                            "required_pull_request_reviews.0.required_approving_review_count": "2",
                            "required_status_checks.#": "0",
                            "restrictions.#": "0"
                        },
                        "meta": {},
                        "tainted": false
                    },
                    "deposed": [],
                    "provider": "provider.github"
                },
                "github_repository.repo": {
                    "type": "github_repository",
                    "depends_on": [],
                    "primary": {
                        "id": "dcs-performance-tests",
                        "attributes": {
                            "allow_merge_commit": "true",
                            "allow_rebase_merge": "false",
                            "allow_squash_merge": "false",
                            "archived": "false",
                            "auto_init": "true",
                            "default_branch": "master",
                            "description": "Verify DCS Performance Tests",
                            "etag": "W/\"dd1ff9ad509f611f0534c74922c1dfdd\"",
                            "full_name": "alphagov/dcs-performance-tests",
                            "git_clone_url": "git://github.com/alphagov/dcs-performance-tests.git",
                            "has_downloads": "false",
                            "has_issues": "true",
                            "has_wiki": "true",
                            "homepage_url": "",
                            "html_url": "https://github.com/alphagov/dcs-performance-tests",
                            "http_clone_url": "https://github.com/alphagov/dcs-performance-tests.git",
                            "id": "dcs-performance-tests",
                            "name": "dcs-performance-tests",
                            "private": "true",
                            "ssh_clone_url": "git@github.com:alphagov/dcs-performance-tests.git",
                            "svn_url": "https://github.com/alphagov/dcs-performance-tests",
                            "topics.#": "1",
                            "topics.2357015465": "verify"
                        },
                        "meta": {},
                        "tainted": false
                    },
                    "deposed": [],
                    "provider": "provider.github"
                },
                "github_team_repository.repo_team_push": {
                    "type": "github_team_repository",
                    "depends_on": [
                        "data.github_team.push_teams.*",
                        "github_repository.repo"
                    ],
                    "primary": {
                        "id": "2826122:dcs-performance-tests",
                        "attributes": {
                            "etag": "W/\"da919e120b0fb70f02ff87fa440a0f06\"",
                            "id": "2826122:dcs-performance-tests",
                            "permission": "push",
                            "repository": "dcs-performance-tests",
                            "team_id": "2826122"
                        },
                        "meta": {},
                        "tainted": false
                    },
                    "deposed": [],
                    "provider": "provider.github"
                }
            },
            "depends_on": []
        },
        {
            "path": [
                "root",
                "repo_doc_checking"
            ],
            "outputs": {},
            "resources": {
                "github_branch_protection.repo_protect_master": {
                    "type": "github_branch_protection",
                    "depends_on": [],
                    "primary": {
                        "id": "doc-checking:master",
                        "attributes": {
                            "branch": "master",
                            "enforce_admins": "false",
                            "etag": "W/\"2c84bea034d59cb7162090d11383fe7f\"",
                            "id": "doc-checking:master",
                            "repository": "doc-checking",
                            "required_pull_request_reviews.#": "1",
                            "required_pull_request_reviews.0.dismiss_stale_reviews": "true",
                            "required_pull_request_reviews.0.dismissal_teams.#": "0",
                            "required_pull_request_reviews.0.dismissal_users.#": "0",
                            "required_pull_request_reviews.0.include_admins": "false",
                            "required_pull_request_reviews.0.require_code_owner_reviews": "false",
                            "required_pull_request_reviews.0.required_approving_review_count": "2",
                            "required_status_checks.#": "0",
                            "restrictions.#": "0"
                        },
                        "meta": {},
                        "tainted": false
                    },
                    "deposed": [],
                    "provider": "provider.github"
                },
                "github_repository.repo": {
                    "type": "github_repository",
                    "depends_on": [],
                    "primary": {
                        "id": "doc-checking",
                        "attributes": {
                            "allow_merge_commit": "true",
                            "allow_rebase_merge": "false",
                            "allow_squash_merge": "false",
                            "archived": "false",
                            "auto_init": "true",
                            "default_branch": "master",
                            "description": "Verify Document Checking Service",
                            "etag": "W/\"36a6de9d2bb29edc1f81fc2139be581e\"",
                            "full_name": "alphagov/doc-checking",
                            "git_clone_url": "git://github.com/alphagov/doc-checking.git",
                            "has_downloads": "false",
                            "has_issues": "true",
                            "has_wiki": "true",
                            "homepage_url": "",
                            "html_url": "https://github.com/alphagov/doc-checking",
                            "http_clone_url": "https://github.com/alphagov/doc-checking.git",
                            "id": "doc-checking",
                            "name": "doc-checking",
                            "private": "true",
                            "ssh_clone_url": "git@github.com:alphagov/doc-checking.git",
                            "svn_url": "https://github.com/alphagov/doc-checking",
                            "topics.#": "1",
                            "topics.2357015465": "verify"
                        },
                        "meta": {},
                        "tainted": false
                    },
                    "deposed": [],
                    "provider": "provider.github"
                },
                "github_team_repository.repo_team_push": {
                    "type": "github_team_repository",
                    "depends_on": [
                        "data.github_team.push_teams.*",
                        "github_repository.repo"
                    ],
                    "primary": {
                        "id": "2826122:doc-checking",
                        "attributes": {
                            "etag": "W/\"c780c6a7a95d090aab289c6b21e5b595\"",
                            "id": "2826122:doc-checking",
                            "permission": "push",
                            "repository": "doc-checking",
                            "team_id": "2826122"
                        },
                        "meta": {},
                        "tainted": false
                    },
                    "deposed": [],
                    "provider": "provider.github"
                }
            },
            "depends_on": []
        },
        {
            "path": [
                "root",
                "repo_ida_compliance_tool"
            ],
            "outputs": {},
            "resources": {
                "github_branch_protection.repo_protect_master": {
                    "type": "github_branch_protection",
                    "depends_on": [
                        "github_repository.repo"
                    ],
                    "primary": {
                        "id": "ida-compliance-tool:master",
                        "attributes": {
                            "branch": "master",
                            "enforce_admins": "false",
                            "etag": "W/\"d3a0db0cc0a04395a8920b94e07a5414\"",
                            "id": "ida-compliance-tool:master",
                            "repository": "ida-compliance-tool",
                            "required_pull_request_reviews.#": "1",
                            "required_pull_request_reviews.0.dismiss_stale_reviews": "true",
                            "required_pull_request_reviews.0.dismissal_teams.#": "0",
                            "required_pull_request_reviews.0.dismissal_users.#": "0",
                            "required_pull_request_reviews.0.include_admins": "false",
                            "required_pull_request_reviews.0.require_code_owner_reviews": "false",
                            "required_pull_request_reviews.0.required_approving_review_count": "2",
                            "required_status_checks.#": "0",
                            "restrictions.#": "0"
                        },
                        "meta": {},
                        "tainted": false
                    },
                    "deposed": [],
                    "provider": "provider.github"
                },
                "github_repository.repo": {
                    "type": "github_repository",
                    "depends_on": [],
                    "primary": {
                        "id": "ida-compliance-tool",
                        "attributes": {
                            "allow_merge_commit": "true",
                            "allow_rebase_merge": "false",
                            "allow_squash_merge": "false",
                            "archived": "false",
                            "auto_init": "true",
                            "default_branch": "master",
                            "description": "Verify Compliance Tool (temporary)",
                            "etag": "W/\"97535f286b76027952b66642f3e2f3b5\"",
                            "full_name": "alphagov/ida-compliance-tool",
                            "git_clone_url": "git://github.com/alphagov/ida-compliance-tool.git",
                            "has_downloads": "false",
                            "has_issues": "true",
                            "has_wiki": "true",
                            "homepage_url": "",
                            "html_url": "https://github.com/alphagov/ida-compliance-tool",
                            "http_clone_url": "https://github.com/alphagov/ida-compliance-tool.git",
                            "id": "ida-compliance-tool",
                            "name": "ida-compliance-tool",
                            "private": "true",
                            "ssh_clone_url": "git@github.com:alphagov/ida-compliance-tool.git",
                            "svn_url": "https://github.com/alphagov/ida-compliance-tool",
                            "topics.#": "1",
                            "topics.2357015465": "verify"
                        },
                        "meta": {},
                        "tainted": false
                    },
                    "deposed": [],
                    "provider": "provider.github"
                },
                "github_team_repository.repo_team_push": {
                    "type": "github_team_repository",
                    "depends_on": [
                        "data.github_team.teams.*",
                        "github_repository.repo"
                    ],
                    "primary": {
                        "id": "2826122:ida-compliance-tool",
                        "attributes": {
                            "etag": "W/\"4ec6b386e0fa9e21ecb7eb7d945b22d5\"",
                            "id": "2826122:ida-compliance-tool",
                            "permission": "push",
                            "repository": "ida-compliance-tool",
                            "team_id": "2826122"
                        },
                        "meta": {},
                        "tainted": false
                    },
                    "deposed": [],
                    "provider": "provider.github"
                }
            },
            "depends_on": []
        },
        {
            "path": [
                "root",
                "repo_ida_hub_acceptance_tests"
            ],
            "outputs": {},
            "resources": {
                "github_branch_protection.repo_protect_master": {
                    "type": "github_branch_protection",
                    "depends_on": [
                        "github_repository.repo"
                    ],
                    "primary": {
                        "id": "ida-hub-acceptance-tests:master",
                        "attributes": {
                            "branch": "master",
                            "enforce_admins": "false",
                            "etag": "W/\"1ebc541e529fa563d6436e964b1295f3\"",
                            "id": "ida-hub-acceptance-tests:master",
                            "repository": "ida-hub-acceptance-tests",
                            "required_pull_request_reviews.#": "1",
                            "required_pull_request_reviews.0.dismiss_stale_reviews": "true",
                            "required_pull_request_reviews.0.dismissal_teams.#": "0",
                            "required_pull_request_reviews.0.dismissal_users.#": "0",
                            "required_pull_request_reviews.0.include_admins": "false",
                            "required_pull_request_reviews.0.require_code_owner_reviews": "false",
                            "required_pull_request_reviews.0.required_approving_review_count": "2",
                            "required_status_checks.#": "0",
                            "restrictions.#": "0"
                        },
                        "meta": {},
                        "tainted": false
                    },
                    "deposed": [],
                    "provider": "provider.github"
                },
                "github_repository.repo": {
                    "type": "github_repository",
                    "depends_on": [],
                    "primary": {
                        "id": "ida-hub-acceptance-tests",
                        "attributes": {
                            "allow_merge_commit": "true",
                            "allow_rebase_merge": "false",
                            "allow_squash_merge": "false",
                            "archived": "false",
                            "auto_init": "true",
                            "default_branch": "master",
                            "description": "Verify Hub acceptance tests (temporary)",
                            "etag": "W/\"50ec00000506088a03ee1561fb460d04\"",
                            "full_name": "alphagov/ida-hub-acceptance-tests",
                            "git_clone_url": "git://github.com/alphagov/ida-hub-acceptance-tests.git",
                            "has_downloads": "false",
                            "has_issues": "true",
                            "has_wiki": "true",
                            "homepage_url": "",
                            "html_url": "https://github.com/alphagov/ida-hub-acceptance-tests",
                            "http_clone_url": "https://github.com/alphagov/ida-hub-acceptance-tests.git",
                            "id": "ida-hub-acceptance-tests",
                            "name": "ida-hub-acceptance-tests",
                            "private": "true",
                            "ssh_clone_url": "git@github.com:alphagov/ida-hub-acceptance-tests.git",
                            "svn_url": "https://github.com/alphagov/ida-hub-acceptance-tests",
                            "topics.#": "1",
                            "topics.2357015465": "verify"
                        },
                        "meta": {},
                        "tainted": false
                    },
                    "deposed": [],
                    "provider": "provider.github"
                },
                "github_team_repository.repo_team_push": {
                    "type": "github_team_repository",
                    "depends_on": [
                        "data.github_team.teams.*",
                        "github_repository.repo"
                    ],
                    "primary": {
                        "id": "2826122:ida-hub-acceptance-tests",
                        "attributes": {
                            "etag": "W/\"4d8ce5ba42883302e91a522b961f46a2\"",
                            "id": "2826122:ida-hub-acceptance-tests",
                            "permission": "push",
                            "repository": "ida-hub-acceptance-tests",
                            "team_id": "2826122"
                        },
                        "meta": {},
                        "tainted": false
                    },
                    "deposed": [],
                    "provider": "provider.github"
                }
            },
            "depends_on": []
        },
        {
            "path": [
                "root",
                "repo_ida_hub_support"
            ],
            "outputs": {},
            "resources": {
                "github_branch_protection.repo_protect_master": {
                    "type": "github_branch_protection",
                    "depends_on": [],
                    "primary": {
                        "id": "ida-hub-support:master",
                        "attributes": {
                            "branch": "master",
                            "enforce_admins": "false",
                            "etag": "W/\"48707bbf4c86d6cc9e05e419cf9dfb02\"",
                            "id": "ida-hub-support:master",
                            "repository": "ida-hub-support",
                            "required_pull_request_reviews.#": "1",
                            "required_pull_request_reviews.0.dismiss_stale_reviews": "true",
                            "required_pull_request_reviews.0.dismissal_teams.#": "0",
                            "required_pull_request_reviews.0.dismissal_users.#": "0",
                            "required_pull_request_reviews.0.include_admins": "false",
                            "required_pull_request_reviews.0.require_code_owner_reviews": "false",
                            "required_pull_request_reviews.0.required_approving_review_count": "2",
                            "required_status_checks.#": "0",
                            "restrictions.#": "0"
                        },
                        "meta": {},
                        "tainted": false
                    },
                    "deposed": [],
                    "provider": "provider.github"
                },
                "github_repository.repo": {
                    "type": "github_repository",
                    "depends_on": [],
                    "primary": {
                        "id": "ida-hub-support",
                        "attributes": {
                            "allow_merge_commit": "true",
                            "allow_rebase_merge": "false",
                            "allow_squash_merge": "false",
                            "archived": "true",
                            "auto_init": "true",
                            "default_branch": "master",
                            "description": "Verify Hub Support services (temporary)",
                            "etag": "W/\"c46e48ecde847d83cd48460b86a03b22\"",
                            "full_name": "alphagov/ida-hub-support",
                            "git_clone_url": "git://github.com/alphagov/ida-hub-support.git",
                            "has_downloads": "false",
                            "has_issues": "true",
                            "has_wiki": "true",
                            "homepage_url": "",
                            "html_url": "https://github.com/alphagov/ida-hub-support",
                            "http_clone_url": "https://github.com/alphagov/ida-hub-support.git",
                            "id": "ida-hub-support",
                            "name": "ida-hub-support",
                            "private": "true",
                            "ssh_clone_url": "git@github.com:alphagov/ida-hub-support.git",
                            "svn_url": "https://github.com/alphagov/ida-hub-support",
                            "topics.#": "1",
                            "topics.2357015465": "verify"
                        },
                        "meta": {},
                        "tainted": false
                    },
                    "deposed": [],
                    "provider": "provider.github"
                },
                "github_team_repository.repo_team_push": {
                    "type": "github_team_repository",
                    "depends_on": [
                        "data.github_team.teams.*",
                        "github_repository.repo"
                    ],
                    "primary": {
                        "id": "2826122:ida-hub-support",
                        "attributes": {
                            "etag": "W/\"e4b91e238dd037d7a3fe5206035c5022\"",
                            "id": "2826122:ida-hub-support",
                            "permission": "pull",
                            "repository": "ida-hub-support",
                            "team_id": "2826122"
                        },
                        "meta": {},
                        "tainted": false
                    },
                    "deposed": [],
                    "provider": "provider.github"
                }
            },
            "depends_on": []
        },
        {
            "path": [
                "root",
                "repo_metadata_checker"
            ],
            "outputs": {},
            "resources": {
                "github_branch_protection.repo_protect_master": {
                    "type": "github_branch_protection",
                    "depends_on": [
                        "github_repository.repo"
                    ],
                    "primary": {
                        "id": "metadata-checker:master",
                        "attributes": {
                            "branch": "master",
                            "enforce_admins": "false",
                            "etag": "W/\"a58b9fea1d450747c9e8719bc7a9f5c9\"",
                            "id": "metadata-checker:master",
                            "repository": "metadata-checker",
                            "required_pull_request_reviews.#": "1",
                            "required_pull_request_reviews.0.dismiss_stale_reviews": "true",
                            "required_pull_request_reviews.0.dismissal_teams.#": "0",
                            "required_pull_request_reviews.0.dismissal_users.#": "0",
                            "required_pull_request_reviews.0.include_admins": "false",
                            "required_pull_request_reviews.0.require_code_owner_reviews": "false",
                            "required_pull_request_reviews.0.required_approving_review_count": "2",
                            "required_status_checks.#": "0",
                            "restrictions.#": "0"
                        },
                        "meta": {},
                        "tainted": false
                    },
                    "deposed": [],
                    "provider": "provider.github"
                },
                "github_repository.repo": {
                    "type": "github_repository",
                    "depends_on": [],
                    "primary": {
                        "id": "metadata-checker",
                        "attributes": {
                            "allow_merge_commit": "true",
                            "allow_rebase_merge": "false",
                            "allow_squash_merge": "false",
                            "archived": "false",
                            "default_branch": "master",
                            "description": "Tools for parsing and monitoring SAML metadata",
                            "etag": "W/\"478098a4538464194cf5a22ce44ee1ca\"",
                            "full_name": "alphagov/metadata-checker",
                            "git_clone_url": "git://github.com/alphagov/metadata-checker.git",
                            "has_downloads": "false",
                            "has_issues": "true",
                            "has_wiki": "true",
                            "homepage_url": "",
                            "html_url": "https://github.com/alphagov/metadata-checker",
                            "http_clone_url": "https://github.com/alphagov/metadata-checker.git",
                            "id": "metadata-checker",
                            "name": "metadata-checker",
                            "private": "false",
                            "ssh_clone_url": "git@github.com:alphagov/metadata-checker.git",
                            "svn_url": "https://github.com/alphagov/metadata-checker",
                            "topics.#": "1",
                            "topics.2357015465": "verify"
                        },
                        "meta": {},
                        "tainted": false
                    },
                    "deposed": [],
                    "provider": "provider.github"
                },
                "github_team_repository.repo_team_push.0": {
                    "type": "github_team_repository",
                    "depends_on": [
                        "data.github_team.push_teams.*",
                        "github_repository.repo"
                    ],
                    "primary": {
                        "id": "2826122:metadata-checker",
                        "attributes": {
                            "etag": "W/\"c73caea97d6a0253a655676ced0ad0b4\"",
                            "id": "2826122:metadata-checker",
                            "permission": "push",
                            "repository": "metadata-checker",
                            "team_id": "2826122"
                        },
                        "meta": {},
                        "tainted": false
                    },
                    "deposed": [],
                    "provider": "provider.github"
                },
                "github_team_repository.repo_team_push.1": {
                    "type": "github_team_repository",
                    "depends_on": [
                        "data.github_team.push_teams.*",
                        "github_repository.repo"
                    ],
                    "primary": {
                        "id": "2826127:metadata-checker",
                        "attributes": {
                            "etag": "W/\"c73caea97d6a0253a655676ced0ad0b4\"",
                            "id": "2826127:metadata-checker",
                            "permission": "push",
                            "repository": "metadata-checker",
                            "team_id": "2826127"
                        },
                        "meta": {},
                        "tainted": false
                    },
                    "deposed": [],
                    "provider": "provider.github"
                }
            },
            "depends_on": []
        },
        {
            "path": [
                "root",
                "repo_passport_verify"
            ],
            "outputs": {},
            "resources": {
                "github_branch_protection.repo_protect_master": {
                    "type": "github_branch_protection",
                    "depends_on": [],
                    "primary": {
                        "id": "passport-verify:master",
                        "attributes": {
                            "branch": "master",
                            "enforce_admins": "false",
                            "etag": "W/\"c9dd4d27dec1550c696ef45f93f5740b\"",
                            "id": "passport-verify:master",
                            "repository": "passport-verify",
                            "required_pull_request_reviews.#": "1",
                            "required_pull_request_reviews.0.dismiss_stale_reviews": "true",
                            "required_pull_request_reviews.0.dismissal_teams.#": "0",
                            "required_pull_request_reviews.0.dismissal_users.#": "0",
                            "required_pull_request_reviews.0.include_admins": "false",
                            "required_pull_request_reviews.0.require_code_owner_reviews": "false",
                            "required_pull_request_reviews.0.required_approving_review_count": "2",
                            "required_status_checks.#": "0",
                            "restrictions.#": "0"
                        },
                        "meta": {},
                        "tainted": false
                    },
                    "deposed": [],
                    "provider": "provider.github"
                },
                "github_repository.repo": {
                    "type": "github_repository",
                    "depends_on": [],
                    "primary": {
                        "id": "passport-verify",
                        "attributes": {
                            "allow_merge_commit": "true",
                            "allow_rebase_merge": "false",
                            "allow_squash_merge": "false",
                            "archived": "false",
                            "auto_init": "true",
                            "default_branch": "master",
                            "description": ":passport_control: :crown: :ballot_box_with_check: A passport.js strategy for GOV.UK Verify",
                            "etag": "W/\"468b7f80339cc856193c98caaeb70e0b\"",
                            "full_name": "alphagov/passport-verify",
                            "git_clone_url": "git://github.com/alphagov/passport-verify.git",
                            "has_downloads": "false",
                            "has_issues": "true",
                            "has_wiki": "true",
                            "homepage_url": "",
                            "html_url": "https://github.com/alphagov/passport-verify",
                            "http_clone_url": "https://github.com/alphagov/passport-verify.git",
                            "id": "passport-verify",
                            "name": "passport-verify",
                            "private": "false",
                            "ssh_clone_url": "git@github.com:alphagov/passport-verify.git",
                            "svn_url": "https://github.com/alphagov/passport-verify",
                            "topics.#": "1",
                            "topics.2357015465": "verify"
                        },
                        "meta": {},
                        "tainted": false
                    },
                    "deposed": [],
                    "provider": "provider.github"
                },
                "github_team_repository.repo_team_push": {
                    "type": "github_team_repository",
                    "depends_on": [
                        "data.github_team.push_teams.*",
                        "github_repository.repo"
                    ],
                    "primary": {
                        "id": "2826122:passport-verify",
                        "attributes": {
                            "etag": "W/\"9b2bd63d52ba3bb42ca35485eede9b98\"",
                            "id": "2826122:passport-verify",
                            "permission": "push",
                            "repository": "passport-verify",
                            "team_id": "2826122"
                        },
                        "meta": {},
                        "tainted": false
                    },
                    "deposed": [],
                    "provider": "provider.github"
                }
            },
            "depends_on": []
        },
        {
            "path": [
                "root",
                "repo_passport_verify_stub_relying_party"
            ],
            "outputs": {},
            "resources": {
                "github_branch_protection.repo_protect_master": {
                    "type": "github_branch_protection",
                    "depends_on": [],
                    "primary": {
                        "id": "passport-verify-stub-relying-party:master",
                        "attributes": {
                            "branch": "master",
                            "enforce_admins": "false",
                            "etag": "W/\"b8949ef8d8e4b567da8d515ecb65c862\"",
                            "id": "passport-verify-stub-relying-party:master",
                            "repository": "passport-verify-stub-relying-party",
                            "required_pull_request_reviews.#": "1",
                            "required_pull_request_reviews.0.dismiss_stale_reviews": "true",
                            "required_pull_request_reviews.0.dismissal_teams.#": "0",
                            "required_pull_request_reviews.0.dismissal_users.#": "0",
                            "required_pull_request_reviews.0.include_admins": "false",
                            "required_pull_request_reviews.0.require_code_owner_reviews": "false",
                            "required_pull_request_reviews.0.required_approving_review_count": "2",
                            "required_status_checks.#": "0",
                            "restrictions.#": "0"
                        },
                        "meta": {},
                        "tainted": false
                    },
                    "deposed": [],
                    "provider": "provider.github"
                },
                "github_repository.repo": {
                    "type": "github_repository",
                    "depends_on": [],
                    "primary": {
                        "id": "passport-verify-stub-relying-party",
                        "attributes": {
                            "allow_merge_commit": "true",
                            "allow_rebase_merge": "false",
                            "allow_squash_merge": "false",
                            "archived": "false",
                            "auto_init": "true",
                            "default_branch": "master",
                            "description": "Stub Relying party that integrates with Verify using the passport-verify library",
                            "etag": "W/\"43f0818d53ca02267946135fa52a2fe9\"",
                            "full_name": "alphagov/passport-verify-stub-relying-party",
                            "git_clone_url": "git://github.com/alphagov/passport-verify-stub-relying-party.git",
                            "has_downloads": "false",
                            "has_issues": "true",
                            "has_wiki": "true",
                            "homepage_url": "",
                            "html_url": "https://github.com/alphagov/passport-verify-stub-relying-party",
                            "http_clone_url": "https://github.com/alphagov/passport-verify-stub-relying-party.git",
                            "id": "passport-verify-stub-relying-party",
                            "name": "passport-verify-stub-relying-party",
                            "private": "false",
                            "ssh_clone_url": "git@github.com:alphagov/passport-verify-stub-relying-party.git",
                            "svn_url": "https://github.com/alphagov/passport-verify-stub-relying-party",
                            "topics.#": "1",
                            "topics.2357015465": "verify"
                        },
                        "meta": {},
                        "tainted": false
                    },
                    "deposed": [],
                    "provider": "provider.github"
                },
                "github_team_repository.repo_team_push": {
                    "type": "github_team_repository",
                    "depends_on": [
                        "data.github_team.push_teams.*",
                        "github_repository.repo"
                    ],
                    "primary": {
                        "id": "2826122:passport-verify-stub-relying-party",
                        "attributes": {
                            "etag": "W/\"6f43ba321cde9adc83693348518567c3\"",
                            "id": "2826122:passport-verify-stub-relying-party",
                            "permission": "push",
                            "repository": "passport-verify-stub-relying-party",
                            "team_id": "2826122"
                        },
                        "meta": {},
                        "tainted": false
                    },
                    "deposed": [],
                    "provider": "provider.github"
                }
            },
            "depends_on": []
        },
        {
            "path": [
                "root",
                "repo_splunk_library_javalogging"
            ],
            "outputs": {},
            "resources": {
                "github_branch_protection.repo_protect_master": {
                    "type": "github_branch_protection",
                    "depends_on": [
                        "github_repository.repo"
                    ],
                    "primary": {
                        "id": "splunk-library-javalogging:master",
                        "attributes": {
                            "branch": "master",
                            "enforce_admins": "false",
                            "etag": "W/\"f0379c72c14935509704ad01462980fe\"",
                            "id": "splunk-library-javalogging:master",
                            "repository": "splunk-library-javalogging",
                            "required_pull_request_reviews.#": "1",
                            "required_pull_request_reviews.0.dismiss_stale_reviews": "true",
                            "required_pull_request_reviews.0.dismissal_teams.#": "0",
                            "required_pull_request_reviews.0.dismissal_users.#": "0",
                            "required_pull_request_reviews.0.include_admins": "false",
                            "required_pull_request_reviews.0.require_code_owner_reviews": "false",
                            "required_pull_request_reviews.0.required_approving_review_count": "2",
                            "required_status_checks.#": "0",
                            "restrictions.#": "0"
                        },
                        "meta": {},
                        "tainted": false
                    },
                    "deposed": [],
                    "provider": "provider.github"
                },
                "github_repository.repo": {
                    "type": "github_repository",
                    "depends_on": [],
                    "primary": {
                        "id": "splunk-library-javalogging",
                        "attributes": {
                            "allow_merge_commit": "true",
                            "allow_rebase_merge": "false",
                            "allow_squash_merge": "false",
                            "archived": "false",
                            "auto_init": "false",
                            "default_branch": "master",
                            "description": "",
                            "etag": "W/\"142a8a1497118392a147d91cca1529f6\"",
                            "full_name": "alphagov/splunk-library-javalogging",
                            "git_clone_url": "git://github.com/alphagov/splunk-library-javalogging.git",
                            "has_downloads": "false",
                            "has_issues": "true",
                            "has_wiki": "true",
                            "homepage_url": "",
                            "html_url": "https://github.com/alphagov/splunk-library-javalogging",
                            "http_clone_url": "https://github.com/alphagov/splunk-library-javalogging.git",
                            "id": "splunk-library-javalogging",
                            "name": "splunk-library-javalogging",
                            "private": "false",
                            "ssh_clone_url": "git@github.com:alphagov/splunk-library-javalogging.git",
                            "svn_url": "https://github.com/alphagov/splunk-library-javalogging",
                            "topics.#": "0"
                        },
                        "meta": {},
                        "tainted": false
                    },
                    "deposed": [],
                    "provider": "provider.github"
                },
                "github_team_repository.repo_team_push": {
                    "type": "github_team_repository",
                    "depends_on": [
                        "github_repository.repo"
                    ],
                    "primary": {
                        "id": "2826122:splunk-library-javalogging",
                        "attributes": {
                            "etag": "W/\"69ba6afa878e57f027d81a967d290bfd\"",
                            "id": "2826122:splunk-library-javalogging",
                            "permission": "push",
                            "repository": "splunk-library-javalogging",
                            "team_id": "2826122"
                        },
                        "meta": {},
                        "tainted": false
                    },
                    "deposed": [],
                    "provider": "provider.github"
                }
            },
            "depends_on": []
        },
        {
            "path": [
                "root",
                "repo_verify_acceptance_tests"
            ],
            "outputs": {},
            "resources": {
                "github_branch_protection.repo_protect_master": {
                    "type": "github_branch_protection",
                    "depends_on": [
                        "github_repository.repo"
                    ],
                    "primary": {
                        "id": "verify-acceptance-tests:master",
                        "attributes": {
                            "branch": "master",
                            "enforce_admins": "false",
                            "etag": "W/\"85ce76e26ee57fee63548545bba27efd\"",
                            "id": "verify-acceptance-tests:master",
                            "repository": "verify-acceptance-tests",
                            "required_pull_request_reviews.#": "1",
                            "required_pull_request_reviews.0.dismiss_stale_reviews": "true",
                            "required_pull_request_reviews.0.dismissal_teams.#": "0",
                            "required_pull_request_reviews.0.dismissal_users.#": "0",
                            "required_pull_request_reviews.0.include_admins": "false",
                            "required_pull_request_reviews.0.require_code_owner_reviews": "false",
                            "required_pull_request_reviews.0.required_approving_review_count": "2",
                            "required_status_checks.#": "0",
                            "restrictions.#": "0"
                        },
                        "meta": {},
                        "tainted": false
                    },
                    "deposed": [],
                    "provider": "provider.github"
                },
                "github_repository.repo": {
                    "type": "github_repository",
                    "depends_on": [],
                    "primary": {
                        "id": "verify-acceptance-tests",
                        "attributes": {
                            "allow_merge_commit": "true",
                            "allow_rebase_merge": "false",
                            "allow_squash_merge": "false",
                            "archived": "false",
                            "auto_init": "true",
                            "default_branch": "master",
                            "description": "End-to-end tests for the Verify Hub",
                            "etag": "W/\"0e38a37125f8f45df25fb0f470973b72\"",
                            "full_name": "alphagov/verify-acceptance-tests",
                            "git_clone_url": "git://github.com/alphagov/verify-acceptance-tests.git",
                            "has_downloads": "false",
                            "has_issues": "true",
                            "has_wiki": "true",
                            "homepage_url": "",
                            "html_url": "https://github.com/alphagov/verify-acceptance-tests",
                            "http_clone_url": "https://github.com/alphagov/verify-acceptance-tests.git",
                            "id": "verify-acceptance-tests",
                            "name": "verify-acceptance-tests",
                            "private": "false",
                            "ssh_clone_url": "git@github.com:alphagov/verify-acceptance-tests.git",
                            "svn_url": "https://github.com/alphagov/verify-acceptance-tests",
                            "topics.#": "1",
                            "topics.2357015465": "verify"
                        },
                        "meta": {},
                        "tainted": false
                    },
                    "deposed": [],
                    "provider": "provider.github"
                },
                "github_team_repository.repo_team_push": {
                    "type": "github_team_repository",
                    "depends_on": [
                        "data.github_team.teams.*",
                        "github_repository.repo"
                    ],
                    "primary": {
                        "id": "2826122:verify-acceptance-tests",
                        "attributes": {
                            "etag": "W/\"4b29e156555b95a615eab78877fec7e7\"",
                            "id": "2826122:verify-acceptance-tests",
                            "permission": "push",
                            "repository": "verify-acceptance-tests",
                            "team_id": "2826122"
                        },
                        "meta": {},
                        "tainted": false
                    },
                    "deposed": [],
                    "provider": "provider.github"
                }
            },
            "depends_on": []
        },
        {
            "path": [
                "root",
                "repo_verify_ansible"
            ],
            "outputs": {},
            "resources": {
                "github_branch_protection.repo_protect_master": {
                    "type": "github_branch_protection",
                    "depends_on": [],
                    "primary": {
                        "id": "verify-ansible:master",
                        "attributes": {
                            "branch": "master",
                            "enforce_admins": "false",
                            "etag": "W/\"88cc54f37b0e431e010d92877639f8d7\"",
                            "id": "verify-ansible:master",
                            "repository": "verify-ansible",
                            "required_pull_request_reviews.#": "1",
                            "required_pull_request_reviews.0.dismiss_stale_reviews": "true",
                            "required_pull_request_reviews.0.dismissal_teams.#": "0",
                            "required_pull_request_reviews.0.dismissal_users.#": "0",
                            "required_pull_request_reviews.0.include_admins": "false",
                            "required_pull_request_reviews.0.require_code_owner_reviews": "false",
                            "required_pull_request_reviews.0.required_approving_review_count": "2",
                            "required_status_checks.#": "0",
                            "restrictions.#": "0"
                        },
                        "meta": {},
                        "tainted": false
                    },
                    "deposed": [],
                    "provider": "provider.github"
                },
                "github_repository.repo": {
                    "type": "github_repository",
                    "depends_on": [],
                    "primary": {
                        "id": "verify-ansible",
                        "attributes": {
                            "allow_merge_commit": "true",
                            "allow_rebase_merge": "false",
                            "allow_squash_merge": "false",
                            "archived": "false",
                            "auto_init": "true",
                            "default_branch": "master",
                            "description": " Ansible for Verify ops ",
                            "etag": "W/\"a3b5ea8f1a0de92fdd8feb2c766e2eb5\"",
                            "full_name": "alphagov/verify-ansible",
                            "git_clone_url": "git://github.com/alphagov/verify-ansible.git",
                            "has_downloads": "false",
                            "has_issues": "true",
                            "has_wiki": "true",
                            "homepage_url": "",
                            "html_url": "https://github.com/alphagov/verify-ansible",
                            "http_clone_url": "https://github.com/alphagov/verify-ansible.git",
                            "id": "verify-ansible",
                            "name": "verify-ansible",
                            "private": "true",
                            "ssh_clone_url": "git@github.com:alphagov/verify-ansible.git",
                            "svn_url": "https://github.com/alphagov/verify-ansible",
                            "topics.#": "1",
                            "topics.2357015465": "verify"
                        },
                        "meta": {},
                        "tainted": false
                    },
                    "deposed": [],
                    "provider": "provider.github"
                },
                "github_team_repository.repo_team_push.0": {
                    "type": "github_team_repository",
                    "depends_on": [
                        "data.github_team.push_teams.*",
                        "github_repository.repo"
                    ],
                    "primary": {
                        "id": "2826122:verify-ansible",
                        "attributes": {
                            "etag": "W/\"e453e652521b4eee1a26497803457df7\"",
                            "id": "2826122:verify-ansible",
                            "permission": "push",
                            "repository": "verify-ansible",
                            "team_id": "2826122"
                        },
                        "meta": {},
                        "tainted": false
                    },
                    "deposed": [],
                    "provider": "provider.github"
                },
                "github_team_repository.repo_team_push.1": {
                    "type": "github_team_repository",
                    "depends_on": [
                        "data.github_team.push_teams.*",
                        "github_repository.repo"
                    ],
                    "primary": {
                        "id": "2826127:verify-ansible",
                        "attributes": {
                            "etag": "W/\"e453e652521b4eee1a26497803457df7\"",
                            "id": "2826127:verify-ansible",
                            "permission": "push",
                            "repository": "verify-ansible",
                            "team_id": "2826127"
                        },
                        "meta": {},
                        "tainted": false
                    },
                    "deposed": [],
                    "provider": "provider.github"
                }
            },
            "depends_on": []
        },
        {
            "path": [
                "root",
                "repo_verify_architecture"
            ],
            "outputs": {},
            "resources": {
                "github_branch_protection.repo_protect_master": {
                    "type": "github_branch_protection",
                    "depends_on": [
                        "github_repository.repo"
                    ],
                    "primary": {
                        "id": "verify-architecture:master",
                        "attributes": {
                            "branch": "master",
                            "enforce_admins": "false",
                            "etag": "W/\"e71542aa6867ebd5b00d0dffccfd5315\"",
                            "id": "verify-architecture:master",
                            "repository": "verify-architecture",
                            "required_pull_request_reviews.#": "1",
                            "required_pull_request_reviews.0.dismiss_stale_reviews": "true",
                            "required_pull_request_reviews.0.dismissal_teams.#": "0",
                            "required_pull_request_reviews.0.dismissal_users.#": "0",
                            "required_pull_request_reviews.0.include_admins": "false",
                            "required_pull_request_reviews.0.require_code_owner_reviews": "false",
                            "required_pull_request_reviews.0.required_approving_review_count": "2",
                            "required_status_checks.#": "0",
                            "restrictions.#": "0"
                        },
                        "meta": {},
                        "tainted": false
                    },
                    "deposed": [],
                    "provider": "provider.github"
                },
                "github_repository.repo": {
                    "type": "github_repository",
                    "depends_on": [],
                    "primary": {
                        "id": "verify-architecture",
                        "attributes": {
                            "allow_merge_commit": "true",
                            "allow_rebase_merge": "false",
                            "allow_squash_merge": "false",
                            "archived": "false",
                            "auto_init": "true",
                            "default_branch": "master",
                            "description": "Contains architectural documentation",
                            "etag": "W/\"fd393d7c6918cfdc89e492f8199f770c\"",
                            "full_name": "alphagov/verify-architecture",
                            "git_clone_url": "git://github.com/alphagov/verify-architecture.git",
                            "has_downloads": "false",
                            "has_issues": "true",
                            "has_wiki": "true",
                            "homepage_url": "",
                            "html_url": "https://github.com/alphagov/verify-architecture",
                            "http_clone_url": "https://github.com/alphagov/verify-architecture.git",
                            "id": "verify-architecture",
                            "name": "verify-architecture",
                            "private": "true",
                            "ssh_clone_url": "git@github.com:alphagov/verify-architecture.git",
                            "svn_url": "https://github.com/alphagov/verify-architecture",
                            "topics.#": "1",
                            "topics.2357015465": "verify"
                        },
                        "meta": {},
                        "tainted": false
                    },
                    "deposed": [],
                    "provider": "provider.github"
                },
                "github_team_repository.repo_team_push": {
                    "type": "github_team_repository",
                    "depends_on": [
                        "data.github_team.push_teams.*",
                        "github_repository.repo"
                    ],
                    "primary": {
                        "id": "2826122:verify-architecture",
                        "attributes": {
                            "etag": "W/\"b120bb6078a8d074cfc130a703c03328\"",
                            "id": "2826122:verify-architecture",
                            "permission": "push",
                            "repository": "verify-architecture",
                            "team_id": "2826122"
                        },
                        "meta": {},
                        "tainted": false
                    },
                    "deposed": [],
                    "provider": "provider.github"
                }
            },
            "depends_on": []
        },
        {
            "path": [
                "root",
                "repo_verify_blackbox_passwords"
            ],
            "outputs": {},
            "resources": {
                "github_repository.repo": {
                    "type": "github_repository",
                    "depends_on": [],
                    "primary": {
                        "id": "verify-blackbox-passwords",
                        "attributes": {
                            "allow_merge_commit": "true",
                            "allow_rebase_merge": "false",
                            "allow_squash_merge": "false",
                            "archived": "false",
                            "default_branch": "master",
                            "description": "Securely stored credentials for Verify",
                            "etag": "W/\"8304e9ad276f536a813d97fdd7eeb254\"",
                            "full_name": "alphagov/verify-blackbox-passwords",
                            "git_clone_url": "git://github.com/alphagov/verify-blackbox-passwords.git",
                            "has_downloads": "false",
                            "has_issues": "true",
                            "has_wiki": "true",
                            "homepage_url": "",
                            "html_url": "https://github.com/alphagov/verify-blackbox-passwords",
                            "http_clone_url": "https://github.com/alphagov/verify-blackbox-passwords.git",
                            "id": "verify-blackbox-passwords",
                            "name": "verify-blackbox-passwords",
                            "private": "true",
                            "ssh_clone_url": "git@github.com:alphagov/verify-blackbox-passwords.git",
                            "svn_url": "https://github.com/alphagov/verify-blackbox-passwords",
                            "topics.#": "1",
                            "topics.2357015465": "verify"
                        },
                        "meta": {},
                        "tainted": false
                    },
                    "deposed": [],
                    "provider": "provider.github"
                },
                "github_team_repository.repo_team_push.0": {
                    "type": "github_team_repository",
                    "depends_on": [
                        "data.github_team.push_teams.*",
                        "github_repository.repo"
                    ],
                    "primary": {
                        "id": "2826122:verify-blackbox-passwords",
                        "attributes": {
                            "etag": "W/\"bba29f16f015c3e68df7a5198c6521f3\"",
                            "id": "2826122:verify-blackbox-passwords",
                            "permission": "push",
                            "repository": "verify-blackbox-passwords",
                            "team_id": "2826122"
                        },
                        "meta": {},
                        "tainted": false
                    },
                    "deposed": [],
                    "provider": "provider.github"
                },
                "github_team_repository.repo_team_push.1": {
                    "type": "github_team_repository",
                    "depends_on": [
                        "data.github_team.push_teams.*",
                        "github_repository.repo"
                    ],
                    "primary": {
                        "id": "2826127:verify-blackbox-passwords",
                        "attributes": {
                            "etag": "W/\"bba29f16f015c3e68df7a5198c6521f3\"",
                            "id": "2826127:verify-blackbox-passwords",
                            "permission": "push",
                            "repository": "verify-blackbox-passwords",
                            "team_id": "2826127"
                        },
                        "meta": {},
                        "tainted": false
                    },
                    "deposed": [],
                    "provider": "provider.github"
                }
            },
            "depends_on": []
        },
        {
            "path": [
                "root",
                "repo_verify_boxes"
            ],
            "outputs": {},
            "resources": {
                "github_branch_protection.repo_protect_master": {
                    "type": "github_branch_protection",
                    "depends_on": [],
                    "primary": {
                        "id": "verify-boxes:master",
                        "attributes": {
                            "branch": "master",
                            "enforce_admins": "false",
                            "etag": "W/\"ee6ee94125531ab68487ae9cb8f85531\"",
                            "id": "verify-boxes:master",
                            "repository": "verify-boxes",
                            "required_pull_request_reviews.#": "1",
                            "required_pull_request_reviews.0.dismiss_stale_reviews": "true",
                            "required_pull_request_reviews.0.dismissal_teams.#": "0",
                            "required_pull_request_reviews.0.dismissal_users.#": "0",
                            "required_pull_request_reviews.0.include_admins": "false",
                            "required_pull_request_reviews.0.require_code_owner_reviews": "false",
                            "required_pull_request_reviews.0.required_approving_review_count": "2",
                            "required_status_checks.#": "0",
                            "restrictions.#": "0"
                        },
                        "meta": {},
                        "tainted": false
                    },
                    "deposed": [],
                    "provider": "provider.github"
                },
                "github_repository.repo": {
                    "type": "github_repository",
                    "depends_on": [],
                    "primary": {
                        "id": "verify-boxes",
                        "attributes": {
                            "allow_merge_commit": "true",
                            "allow_rebase_merge": "false",
                            "allow_squash_merge": "false",
                            "archived": "false",
                            "auto_init": "true",
                            "default_branch": "master",
                            "description": "Verify specific configuration for vcloud-launch ",
                            "etag": "W/\"072dddd3cb67c082b29954829110a8eb\"",
                            "full_name": "alphagov/verify-boxes",
                            "git_clone_url": "git://github.com/alphagov/verify-boxes.git",
                            "has_downloads": "false",
                            "has_issues": "true",
                            "has_wiki": "true",
                            "homepage_url": "",
                            "html_url": "https://github.com/alphagov/verify-boxes",
                            "http_clone_url": "https://github.com/alphagov/verify-boxes.git",
                            "id": "verify-boxes",
                            "name": "verify-boxes",
                            "private": "true",
                            "ssh_clone_url": "git@github.com:alphagov/verify-boxes.git",
                            "svn_url": "https://github.com/alphagov/verify-boxes",
                            "topics.#": "1",
                            "topics.2357015465": "verify"
                        },
                        "meta": {},
                        "tainted": false
                    },
                    "deposed": [],
                    "provider": "provider.github"
                },
                "github_team_repository.repo_team_push.0": {
                    "type": "github_team_repository",
                    "depends_on": [
                        "data.github_team.push_teams.*",
                        "github_repository.repo"
                    ],
                    "primary": {
                        "id": "2826122:verify-boxes",
                        "attributes": {
                            "etag": "W/\"11401908814bfa57f75cb2c4f2eb0312\"",
                            "id": "2826122:verify-boxes",
                            "permission": "push",
                            "repository": "verify-boxes",
                            "team_id": "2826122"
                        },
                        "meta": {},
                        "tainted": false
                    },
                    "deposed": [],
                    "provider": "provider.github"
                },
                "github_team_repository.repo_team_push.1": {
                    "type": "github_team_repository",
                    "depends_on": [
                        "data.github_team.push_teams.*",
                        "github_repository.repo"
                    ],
                    "primary": {
                        "id": "2826127:verify-boxes",
                        "attributes": {
                            "etag": "W/\"11401908814bfa57f75cb2c4f2eb0312\"",
                            "id": "2826127:verify-boxes",
                            "permission": "push",
                            "repository": "verify-boxes",
                            "team_id": "2826127"
                        },
                        "meta": {},
                        "tainted": false
                    },
                    "deposed": [],
                    "provider": "provider.github"
                }
            },
            "depends_on": []
        },
        {
            "path": [
                "root",
                "repo_verify_build_scripts"
            ],
            "outputs": {},
            "resources": {
                "github_branch_protection.repo_protect_master": {
                    "type": "github_branch_protection",
                    "depends_on": [
                        "github_repository.repo"
                    ],
                    "primary": {
                        "id": "verify-build-scripts:master",
                        "attributes": {
                            "branch": "master",
                            "enforce_admins": "false",
                            "etag": "W/\"caf6105679aabfa4f761d80553f9d206\"",
                            "id": "verify-build-scripts:master",
                            "repository": "verify-build-scripts",
                            "required_pull_request_reviews.#": "1",
                            "required_pull_request_reviews.0.dismiss_stale_reviews": "true",
                            "required_pull_request_reviews.0.dismissal_teams.#": "0",
                            "required_pull_request_reviews.0.dismissal_users.#": "0",
                            "required_pull_request_reviews.0.include_admins": "false",
                            "required_pull_request_reviews.0.require_code_owner_reviews": "false",
                            "required_pull_request_reviews.0.required_approving_review_count": "2",
                            "required_status_checks.#": "0",
                            "restrictions.#": "0"
                        },
                        "meta": {},
                        "tainted": false
                    },
                    "deposed": [],
                    "provider": "provider.github"
                },
                "github_repository.repo": {
                    "type": "github_repository",
                    "depends_on": [],
                    "primary": {
                        "id": "verify-build-scripts",
                        "attributes": {
                            "allow_merge_commit": "true",
                            "allow_rebase_merge": "false",
                            "allow_squash_merge": "false",
                            "archived": "false",
                            "auto_init": "true",
                            "default_branch": "master",
                            "description": "Useful scripts and tools for Verify tech",
                            "etag": "W/\"335b213228824872a522416699cff939\"",
                            "full_name": "alphagov/verify-build-scripts",
                            "git_clone_url": "git://github.com/alphagov/verify-build-scripts.git",
                            "has_downloads": "false",
                            "has_issues": "true",
                            "has_wiki": "true",
                            "homepage_url": "",
                            "html_url": "https://github.com/alphagov/verify-build-scripts",
                            "http_clone_url": "https://github.com/alphagov/verify-build-scripts.git",
                            "id": "verify-build-scripts",
                            "name": "verify-build-scripts",
                            "private": "true",
                            "ssh_clone_url": "git@github.com:alphagov/verify-build-scripts.git",
                            "svn_url": "https://github.com/alphagov/verify-build-scripts",
                            "topics.#": "1",
                            "topics.2357015465": "verify"
                        },
                        "meta": {},
                        "tainted": false
                    },
                    "deposed": [],
                    "provider": "provider.github"
                },
                "github_team_repository.repo_team_push": {
                    "type": "github_team_repository",
                    "depends_on": [
                        "data.github_team.push_teams.*",
                        "github_repository.repo"
                    ],
                    "primary": {
                        "id": "2826122:verify-build-scripts",
                        "attributes": {
                            "etag": "W/\"9b4144f879c7327fbed5a3ab94cd7f69\"",
                            "id": "2826122:verify-build-scripts",
                            "permission": "push",
                            "repository": "verify-build-scripts",
                            "team_id": "2826122"
                        },
                        "meta": {},
                        "tainted": false
                    },
                    "deposed": [],
                    "provider": "provider.github"
                }
            },
            "depends_on": []
        },
        {
            "path": [
                "root",
                "repo_verify_dashing"
            ],
            "outputs": {},
            "resources": {
                "github_repository.repo": {
                    "type": "github_repository",
                    "depends_on": [],
                    "primary": {
                        "id": "verify-dashing",
                        "attributes": {
                            "allow_merge_commit": "true",
                            "allow_rebase_merge": "false",
                            "allow_squash_merge": "false",
                            "archived": "false",
                            "default_branch": "master",
                            "description": "Used to run yak dashboard",
                            "etag": "W/\"cd40a24704e8742c6aa5aa7cac00e7c6\"",
                            "full_name": "alphagov/verify-dashing",
                            "git_clone_url": "git://github.com/alphagov/verify-dashing.git",
                            "has_downloads": "false",
                            "has_issues": "true",
                            "has_wiki": "true",
                            "homepage_url": "",
                            "html_url": "https://github.com/alphagov/verify-dashing",
                            "http_clone_url": "https://github.com/alphagov/verify-dashing.git",
                            "id": "verify-dashing",
                            "name": "verify-dashing",
                            "private": "true",
                            "ssh_clone_url": "git@github.com:alphagov/verify-dashing.git",
                            "svn_url": "https://github.com/alphagov/verify-dashing",
                            "topics.#": "1",
                            "topics.2357015465": "verify"
                        },
                        "meta": {},
                        "tainted": false
                    },
                    "deposed": [],
                    "provider": "provider.github"
                },
                "github_team_repository.repo_team_push": {
                    "type": "github_team_repository",
                    "depends_on": [
                        "github_repository.repo"
                    ],
                    "primary": {
                        "id": "2826122:verify-dashing",
                        "attributes": {
                            "etag": "W/\"0dac685d74a6ddb0cc6073ec5925ad30\"",
                            "id": "2826122:verify-dashing",
                            "permission": "push",
                            "repository": "verify-dashing",
                            "team_id": "2826122"
                        },
                        "meta": {},
                        "tainted": false
                    },
                    "deposed": [],
                    "provider": "provider.github"
                }
            },
            "depends_on": []
        },
        {
            "path": [
                "root",
                "repo_verify_data_pipeline"
            ],
            "outputs": {},
            "resources": {
                "github_branch_protection.repo_protect_master": {
                    "type": "github_branch_protection",
                    "depends_on": [],
                    "primary": {
                        "id": "verify-data-pipeline:master",
                        "attributes": {
                            "branch": "master",
                            "enforce_admins": "false",
                            "etag": "W/\"c24ccfe135ae06b6666025e61431e84a\"",
                            "id": "verify-data-pipeline:master",
                            "repository": "verify-data-pipeline",
                            "required_pull_request_reviews.#": "1",
                            "required_pull_request_reviews.0.dismiss_stale_reviews": "true",
                            "required_pull_request_reviews.0.dismissal_teams.#": "0",
                            "required_pull_request_reviews.0.dismissal_users.#": "0",
                            "required_pull_request_reviews.0.include_admins": "false",
                            "required_pull_request_reviews.0.require_code_owner_reviews": "false",
                            "required_pull_request_reviews.0.required_approving_review_count": "2",
                            "required_status_checks.#": "0",
                            "restrictions.#": "0"
                        },
                        "meta": {},
                        "tainted": false
                    },
                    "deposed": [],
                    "provider": "provider.github"
                },
                "github_repository.repo": {
                    "type": "github_repository",
                    "depends_on": [],
                    "primary": {
                        "id": "verify-data-pipeline",
                        "attributes": {
                            "allow_merge_commit": "true",
                            "allow_rebase_merge": "false",
                            "allow_squash_merge": "false",
                            "archived": "false",
                            "auto_init": "true",
                            "default_branch": "master",
                            "description": "Manages Analytics code that generates statistics that inform journey improvements",
                            "etag": "W/\"03e50e074b1128caa9e56c57f60992ea\"",
                            "full_name": "alphagov/verify-data-pipeline",
                            "git_clone_url": "git://github.com/alphagov/verify-data-pipeline.git",
                            "has_downloads": "false",
                            "has_issues": "true",
                            "has_wiki": "true",
                            "homepage_url": "",
                            "html_url": "https://github.com/alphagov/verify-data-pipeline",
                            "http_clone_url": "https://github.com/alphagov/verify-data-pipeline.git",
                            "id": "verify-data-pipeline",
                            "name": "verify-data-pipeline",
                            "private": "true",
                            "ssh_clone_url": "git@github.com:alphagov/verify-data-pipeline.git",
                            "svn_url": "https://github.com/alphagov/verify-data-pipeline",
                            "topics.#": "1",
                            "topics.2357015465": "verify"
                        },
                        "meta": {},
                        "tainted": false
                    },
                    "deposed": [],
                    "provider": "provider.github"
                },
                "github_team_repository.repo_team_push": {
                    "type": "github_team_repository",
                    "depends_on": [
                        "data.github_team.push_teams.*",
                        "github_repository.repo"
                    ],
                    "primary": {
                        "id": "2826122:verify-data-pipeline",
                        "attributes": {
                            "etag": "W/\"381e0f59c02c2093ac5c901de2a9546e\"",
                            "id": "2826122:verify-data-pipeline",
                            "permission": "push",
                            "repository": "verify-data-pipeline",
                            "team_id": "2826122"
                        },
                        "meta": {},
                        "tainted": false
                    },
                    "deposed": [],
                    "provider": "provider.github"
                }
            },
            "depends_on": []
        },
        {
            "path": [
                "root",
                "repo_verify_data_pipeline_config"
            ],
            "outputs": {},
            "resources": {
                "github_branch_protection.repo_protect_master": {
                    "type": "github_branch_protection",
                    "depends_on": [],
                    "primary": {
                        "id": "verify-data-pipeline-config:master",
                        "attributes": {
                            "branch": "master",
                            "enforce_admins": "false",
                            "etag": "W/\"172f16d028e7695cbb5a1edcc121a5b6\"",
                            "id": "verify-data-pipeline-config:master",
                            "repository": "verify-data-pipeline-config",
                            "required_pull_request_reviews.#": "1",
                            "required_pull_request_reviews.0.dismiss_stale_reviews": "true",
                            "required_pull_request_reviews.0.dismissal_teams.#": "0",
                            "required_pull_request_reviews.0.dismissal_users.#": "0",
                            "required_pull_request_reviews.0.include_admins": "false",
                            "required_pull_request_reviews.0.require_code_owner_reviews": "false",
                            "required_pull_request_reviews.0.required_approving_review_count": "2",
                            "required_status_checks.#": "0",
                            "restrictions.#": "0"
                        },
                        "meta": {},
                        "tainted": false
                    },
                    "deposed": [],
                    "provider": "provider.github"
                },
                "github_repository.repo": {
                    "type": "github_repository",
                    "depends_on": [],
                    "primary": {
                        "id": "verify-data-pipeline-config",
                        "attributes": {
                            "allow_merge_commit": "true",
                            "allow_rebase_merge": "false",
                            "allow_squash_merge": "false",
                            "archived": "false",
                            "auto_init": "true",
                            "default_branch": "master",
                            "description": "Holds configuration data to help verify data pipeline run in production",
                            "etag": "W/\"12e45c3ff054f8dda7d505b4c0d11606\"",
                            "full_name": "alphagov/verify-data-pipeline-config",
                            "git_clone_url": "git://github.com/alphagov/verify-data-pipeline-config.git",
                            "has_downloads": "false",
                            "has_issues": "true",
                            "has_wiki": "true",
                            "homepage_url": "",
                            "html_url": "https://github.com/alphagov/verify-data-pipeline-config",
                            "http_clone_url": "https://github.com/alphagov/verify-data-pipeline-config.git",
                            "id": "verify-data-pipeline-config",
                            "name": "verify-data-pipeline-config",
                            "private": "true",
                            "ssh_clone_url": "git@github.com:alphagov/verify-data-pipeline-config.git",
                            "svn_url": "https://github.com/alphagov/verify-data-pipeline-config",
                            "topics.#": "0"
                        },
                        "meta": {},
                        "tainted": false
                    },
                    "deposed": [],
                    "provider": "provider.github"
                },
                "github_team_repository.repo_team_push": {
                    "type": "github_team_repository",
                    "depends_on": [
                        "data.github_team.push_teams.*",
                        "github_repository.repo"
                    ],
                    "primary": {
                        "id": "2826122:verify-data-pipeline-config",
                        "attributes": {
                            "etag": "W/\"b85c00bba0ed558b5c22d609932938cb\"",
                            "id": "2826122:verify-data-pipeline-config",
                            "permission": "push",
                            "repository": "verify-data-pipeline-config",
                            "team_id": "2826122"
                        },
                        "meta": {},
                        "tainted": false
                    },
                    "deposed": [],
                    "provider": "provider.github"
                }
            },
            "depends_on": []
        },
        {
            "path": [
                "root",
                "repo_verify_data_schemas"
            ],
            "outputs": {},
            "resources": {
                "github_branch_protection.repo_protect_master": {
                    "type": "github_branch_protection",
                    "depends_on": [
                        "github_repository.repo"
                    ],
                    "primary": {
                        "id": "verify-data-schemas:master",
                        "attributes": {
                            "branch": "master",
                            "enforce_admins": "false",
                            "etag": "W/\"ee439520370ab4b0491f7a1947d0e8a9\"",
                            "id": "verify-data-schemas:master",
                            "repository": "verify-data-schemas",
                            "required_pull_request_reviews.#": "1",
                            "required_pull_request_reviews.0.dismiss_stale_reviews": "true",
                            "required_pull_request_reviews.0.dismissal_teams.#": "0",
                            "required_pull_request_reviews.0.dismissal_users.#": "0",
                            "required_pull_request_reviews.0.include_admins": "false",
                            "required_pull_request_reviews.0.require_code_owner_reviews": "false",
                            "required_pull_request_reviews.0.required_approving_review_count": "2",
                            "required_status_checks.#": "0",
                            "restrictions.#": "0"
                        },
                        "meta": {},
                        "tainted": false
                    },
                    "deposed": [],
                    "provider": "provider.github"
                },
                "github_repository.repo": {
                    "type": "github_repository",
                    "depends_on": [],
                    "primary": {
                        "id": "verify-data-schemas",
                        "attributes": {
                            "allow_merge_commit": "true",
                            "allow_rebase_merge": "false",
                            "allow_squash_merge": "false",
                            "archived": "true",
                            "auto_init": "true",
                            "default_branch": "master",
                            "description": "YAML specifications for Verify data",
                            "etag": "W/\"7691f649131fe67498e7729f996954ca\"",
                            "full_name": "alphagov/verify-data-schemas",
                            "git_clone_url": "git://github.com/alphagov/verify-data-schemas.git",
                            "has_downloads": "false",
                            "has_issues": "true",
                            "has_wiki": "true",
                            "homepage_url": "",
                            "html_url": "https://github.com/alphagov/verify-data-schemas",
                            "http_clone_url": "https://github.com/alphagov/verify-data-schemas.git",
                            "id": "verify-data-schemas",
                            "name": "verify-data-schemas",
                            "private": "false",
                            "ssh_clone_url": "git@github.com:alphagov/verify-data-schemas.git",
                            "svn_url": "https://github.com/alphagov/verify-data-schemas",
                            "topics.#": "1",
                            "topics.2357015465": "verify"
                        },
                        "meta": {},
                        "tainted": false
                    },
                    "deposed": [],
                    "provider": "provider.github"
                },
                "github_team_repository.repo_team_push": {
                    "type": "github_team_repository",
                    "depends_on": [
                        "data.github_team.push_teams.*",
                        "github_repository.repo"
                    ],
                    "primary": {
                        "id": "2826122:verify-data-schemas",
                        "attributes": {
                            "etag": "W/\"6851e700e9b3f7f247619e635a131a62\"",
                            "id": "2826122:verify-data-schemas",
                            "permission": "pull",
                            "repository": "verify-data-schemas",
                            "team_id": "2826122"
                        },
                        "meta": {},
                        "tainted": false
                    },
                    "deposed": [],
                    "provider": "provider.github"
                }
            },
            "depends_on": []
        },
        {
            "path": [
                "root",
                "repo_verify_datascience_sandbox"
            ],
            "outputs": {},
            "resources": {
                "github_branch_protection.repo_protect_master": {
                    "type": "github_branch_protection",
                    "depends_on": [
                        "github_repository.repo"
                    ],
                    "primary": {
                        "id": "verify-datascience-sandbox:master",
                        "attributes": {
                            "branch": "master",
                            "enforce_admins": "false",
                            "etag": "W/\"b003d6bfe086d6691d0a761c5d01f51b\"",
                            "id": "verify-datascience-sandbox:master",
                            "repository": "verify-datascience-sandbox",
                            "required_pull_request_reviews.#": "1",
                            "required_pull_request_reviews.0.dismiss_stale_reviews": "true",
                            "required_pull_request_reviews.0.dismissal_teams.#": "0",
                            "required_pull_request_reviews.0.dismissal_users.#": "0",
                            "required_pull_request_reviews.0.include_admins": "false",
                            "required_pull_request_reviews.0.require_code_owner_reviews": "false",
                            "required_pull_request_reviews.0.required_approving_review_count": "2",
                            "required_status_checks.#": "0",
                            "restrictions.#": "0"
                        },
                        "meta": {},
                        "tainted": false
                    },
                    "deposed": [],
                    "provider": "provider.github"
                },
                "github_repository.repo": {
                    "type": "github_repository",
                    "depends_on": [],
                    "primary": {
                        "id": "verify-datascience-sandbox",
                        "attributes": {
                            "allow_merge_commit": "true",
                            "allow_rebase_merge": "false",
                            "allow_squash_merge": "false",
                            "archived": "false",
                            "default_branch": "master",
                            "description": "A repository for analysis of GOV.UK Verify data.",
                            "etag": "W/\"53ff4f91aa090774309a41ddd3261ca8\"",
                            "full_name": "alphagov/verify-datascience-sandbox",
                            "git_clone_url": "git://github.com/alphagov/verify-datascience-sandbox.git",
                            "has_downloads": "false",
                            "has_issues": "true",
                            "has_wiki": "true",
                            "homepage_url": "",
                            "html_url": "https://github.com/alphagov/verify-datascience-sandbox",
                            "http_clone_url": "https://github.com/alphagov/verify-datascience-sandbox.git",
                            "id": "verify-datascience-sandbox",
                            "name": "verify-datascience-sandbox",
                            "private": "true",
                            "ssh_clone_url": "git@github.com:alphagov/verify-datascience-sandbox.git",
                            "svn_url": "https://github.com/alphagov/verify-datascience-sandbox",
                            "topics.#": "0"
                        },
                        "meta": {},
                        "tainted": false
                    },
                    "deposed": [],
                    "provider": "provider.github"
                },
                "github_team_repository.repo_team_push": {
                    "type": "github_team_repository",
                    "depends_on": [
                        "data.github_team.push_teams.*",
                        "github_repository.repo"
                    ],
                    "primary": {
                        "id": "2826122:verify-datascience-sandbox",
                        "attributes": {
                            "etag": "W/\"a513e547848024d1ee669101fc21b164\"",
                            "id": "2826122:verify-datascience-sandbox",
                            "permission": "push",
                            "repository": "verify-datascience-sandbox",
                            "team_id": "2826122"
                        },
                        "meta": {},
                        "tainted": false
                    },
                    "deposed": [],
                    "provider": "provider.github"
                }
            },
            "depends_on": []
        },
        {
            "path": [
                "root",
                "repo_verify_eidas_metadata_aggregator"
            ],
            "outputs": {},
            "resources": {
                "github_branch_protection.repo_protect_master": {
                    "type": "github_branch_protection",
                    "depends_on": [
                        "github_repository.repo"
                    ],
                    "primary": {
                        "id": "verify-eidas-metadata-aggregator:master",
                        "attributes": {
                            "branch": "master",
                            "enforce_admins": "false",
                            "etag": "W/\"d99789587ea0f0e54ca32be0a1499810\"",
                            "id": "verify-eidas-metadata-aggregator:master",
                            "repository": "verify-eidas-metadata-aggregator",
                            "required_pull_request_reviews.#": "1",
                            "required_pull_request_reviews.0.dismiss_stale_reviews": "true",
                            "required_pull_request_reviews.0.dismissal_teams.#": "0",
                            "required_pull_request_reviews.0.dismissal_users.#": "0",
                            "required_pull_request_reviews.0.include_admins": "false",
                            "required_pull_request_reviews.0.require_code_owner_reviews": "false",
                            "required_pull_request_reviews.0.required_approving_review_count": "2",
                            "required_status_checks.#": "0",
                            "restrictions.#": "0"
                        },
                        "meta": {},
                        "tainted": false
                    },
                    "deposed": [],
                    "provider": "provider.github"
                },
                "github_repository.repo": {
                    "type": "github_repository",
                    "depends_on": [],
                    "primary": {
                        "id": "verify-eidas-metadata-aggregator",
                        "attributes": {
                            "allow_merge_commit": "true",
                            "allow_rebase_merge": "false",
                            "allow_squash_merge": "false",
                            "archived": "false",
                            "auto_init": "true",
                            "default_branch": "master",
                            "description": "Script to aggregate SAML metadata from EU countries",
                            "etag": "W/\"9bc60dcdf458908970c3f4a4cfce9f7f\"",
                            "full_name": "alphagov/verify-eidas-metadata-aggregator",
                            "git_clone_url": "git://github.com/alphagov/verify-eidas-metadata-aggregator.git",
                            "has_downloads": "false",
                            "has_issues": "true",
                            "has_wiki": "true",
                            "homepage_url": "",
                            "html_url": "https://github.com/alphagov/verify-eidas-metadata-aggregator",
                            "http_clone_url": "https://github.com/alphagov/verify-eidas-metadata-aggregator.git",
                            "id": "verify-eidas-metadata-aggregator",
                            "name": "verify-eidas-metadata-aggregator",
                            "private": "false",
                            "ssh_clone_url": "git@github.com:alphagov/verify-eidas-metadata-aggregator.git",
                            "svn_url": "https://github.com/alphagov/verify-eidas-metadata-aggregator",
                            "topics.#": "1",
                            "topics.2357015465": "verify"
                        },
                        "meta": {},
                        "tainted": false
                    },
                    "deposed": [],
                    "provider": "provider.github"
                },
                "github_team_repository.repo_team_push": {
                    "type": "github_team_repository",
                    "depends_on": [
                        "data.github_team.push_teams.*",
                        "github_repository.repo"
                    ],
                    "primary": {
                        "id": "2826126:verify-eidas-metadata-aggregator",
                        "attributes": {
                            "etag": "W/\"4a0ece216c8c38805285c78867a3bb39\"",
                            "id": "2826126:verify-eidas-metadata-aggregator",
                            "permission": "push",
                            "repository": "verify-eidas-metadata-aggregator",
                            "team_id": "2826126"
                        },
                        "meta": {},
                        "tainted": false
                    },
                    "deposed": [],
                    "provider": "provider.github"
                }
            },
            "depends_on": []
        },
        {
            "path": [
                "root",
                "repo_verify_eidas_mw_config_generator"
            ],
            "outputs": {},
            "resources": {
                "github_branch_protection.repo_protect_master": {
                    "type": "github_branch_protection",
                    "depends_on": [
                        "github_repository.repo"
                    ],
                    "primary": {
                        "id": "verify-eidas-mw-config-generator:master",
                        "attributes": {
                            "branch": "master",
                            "enforce_admins": "false",
                            "etag": "W/\"7692f9ed044dbff31d17a5a0ee7e21c2\"",
                            "id": "verify-eidas-mw-config-generator:master",
                            "repository": "verify-eidas-mw-config-generator",
                            "required_pull_request_reviews.#": "1",
                            "required_pull_request_reviews.0.dismiss_stale_reviews": "true",
                            "required_pull_request_reviews.0.dismissal_teams.#": "0",
                            "required_pull_request_reviews.0.dismissal_users.#": "0",
                            "required_pull_request_reviews.0.include_admins": "false",
                            "required_pull_request_reviews.0.require_code_owner_reviews": "false",
                            "required_pull_request_reviews.0.required_approving_review_count": "2",
                            "required_status_checks.#": "0",
                            "restrictions.#": "0"
                        },
                        "meta": {},
                        "tainted": false
                    },
                    "deposed": [],
                    "provider": "provider.github"
                },
                "github_repository.repo": {
                    "type": "github_repository",
                    "depends_on": [],
                    "primary": {
                        "id": "verify-eidas-mw-config-generator",
                        "attributes": {
                            "allow_merge_commit": "true",
                            "allow_rebase_merge": "false",
                            "allow_squash_merge": "false",
                            "archived": "false",
                            "auto_init": "true",
                            "default_branch": "master",
                            "description": "eIDAS Middleware Configuration Generator",
                            "etag": "W/\"3a2c6d6314a1c766571e96c9f7385d25\"",
                            "full_name": "alphagov/verify-eidas-mw-config-generator",
                            "git_clone_url": "git://github.com/alphagov/verify-eidas-mw-config-generator.git",
                            "has_downloads": "false",
                            "has_issues": "true",
                            "has_wiki": "true",
                            "homepage_url": "",
                            "html_url": "https://github.com/alphagov/verify-eidas-mw-config-generator",
                            "http_clone_url": "https://github.com/alphagov/verify-eidas-mw-config-generator.git",
                            "id": "verify-eidas-mw-config-generator",
                            "name": "verify-eidas-mw-config-generator",
                            "private": "false",
                            "ssh_clone_url": "git@github.com:alphagov/verify-eidas-mw-config-generator.git",
                            "svn_url": "https://github.com/alphagov/verify-eidas-mw-config-generator",
                            "topics.#": "0"
                        },
                        "meta": {},
                        "tainted": false
                    },
                    "deposed": [],
                    "provider": "provider.github"
                },
                "github_team_repository.repo_team_push": {
                    "type": "github_team_repository",
                    "depends_on": [
                        "data.github_team.push_teams.*",
                        "github_repository.repo"
                    ],
                    "primary": {
                        "id": "2826126:verify-eidas-mw-config-generator",
                        "attributes": {
                            "etag": "W/\"2c09a34f0343f259df8b7fcbc8592df6\"",
                            "id": "2826126:verify-eidas-mw-config-generator",
                            "permission": "push",
                            "repository": "verify-eidas-mw-config-generator",
                            "team_id": "2826126"
                        },
                        "meta": {},
                        "tainted": false
                    },
                    "deposed": [],
                    "provider": "provider.github"
                }
            },
            "depends_on": []
        },
        {
            "path": [
                "root",
                "repo_verify_eidas_mw_run"
            ],
            "outputs": {},
            "resources": {
                "github_branch_protection.repo_protect_master": {
                    "type": "github_branch_protection",
                    "depends_on": [
                        "github_repository.repo"
                    ],
                    "primary": {
                        "id": "verify-eidas-mw-run:master",
                        "attributes": {
                            "branch": "master",
                            "enforce_admins": "false",
                            "etag": "W/\"ff6ebe04567f405de47ea17806d395ec\"",
                            "id": "verify-eidas-mw-run:master",
                            "repository": "verify-eidas-mw-run",
                            "required_pull_request_reviews.#": "1",
                            "required_pull_request_reviews.0.dismiss_stale_reviews": "true",
                            "required_pull_request_reviews.0.dismissal_teams.#": "0",
                            "required_pull_request_reviews.0.dismissal_users.#": "0",
                            "required_pull_request_reviews.0.include_admins": "false",
                            "required_pull_request_reviews.0.require_code_owner_reviews": "false",
                            "required_pull_request_reviews.0.required_approving_review_count": "2",
                            "required_status_checks.#": "0",
                            "restrictions.#": "0"
                        },
                        "meta": {},
                        "tainted": false
                    },
                    "deposed": [],
                    "provider": "provider.github"
                },
                "github_repository.repo": {
                    "type": "github_repository",
                    "depends_on": [],
                    "primary": {
                        "id": "verify-eidas-mw-run",
                        "attributes": {
                            "allow_merge_commit": "true",
                            "allow_rebase_merge": "false",
                            "allow_squash_merge": "false",
                            "archived": "false",
                            "auto_init": "true",
                            "default_branch": "master",
                            "description": "German eIDAS middleware run container",
                            "etag": "W/\"c46cd69ff97feab0555f9233482ed869\"",
                            "full_name": "alphagov/verify-eidas-mw-run",
                            "git_clone_url": "git://github.com/alphagov/verify-eidas-mw-run.git",
                            "has_downloads": "false",
                            "has_issues": "true",
                            "has_wiki": "true",
                            "homepage_url": "",
                            "html_url": "https://github.com/alphagov/verify-eidas-mw-run",
                            "http_clone_url": "https://github.com/alphagov/verify-eidas-mw-run.git",
                            "id": "verify-eidas-mw-run",
                            "name": "verify-eidas-mw-run",
                            "private": "false",
                            "ssh_clone_url": "git@github.com:alphagov/verify-eidas-mw-run.git",
                            "svn_url": "https://github.com/alphagov/verify-eidas-mw-run",
                            "topics.#": "0"
                        },
                        "meta": {},
                        "tainted": false
                    },
                    "deposed": [],
                    "provider": "provider.github"
                },
                "github_team_repository.repo_team_push": {
                    "type": "github_team_repository",
                    "depends_on": [
                        "data.github_team.push_teams.*",
                        "github_repository.repo"
                    ],
                    "primary": {
                        "id": "2826126:verify-eidas-mw-run",
                        "attributes": {
                            "etag": "W/\"a2846ec380eafbfe4265d142db5ee21c\"",
                            "id": "2826126:verify-eidas-mw-run",
                            "permission": "push",
                            "repository": "verify-eidas-mw-run",
                            "team_id": "2826126"
                        },
                        "meta": {},
                        "tainted": false
                    },
                    "deposed": [],
                    "provider": "provider.github"
                }
            },
            "depends_on": []
        },
        {
            "path": [
                "root",
                "repo_verify_eidas_trust_anchor"
            ],
            "outputs": {},
            "resources": {
                "github_branch_protection.repo_protect_master": {
                    "type": "github_branch_protection",
                    "depends_on": [],
                    "primary": {
                        "id": "verify-eidas-trust-anchor:master",
                        "attributes": {
                            "branch": "master",
                            "enforce_admins": "false",
                            "etag": "W/\"53864d0b8895d00fab0a2ac7bf48b010\"",
                            "id": "verify-eidas-trust-anchor:master",
                            "repository": "verify-eidas-trust-anchor",
                            "required_pull_request_reviews.#": "1",
                            "required_pull_request_reviews.0.dismiss_stale_reviews": "true",
                            "required_pull_request_reviews.0.dismissal_teams.#": "0",
                            "required_pull_request_reviews.0.dismissal_users.#": "0",
                            "required_pull_request_reviews.0.include_admins": "false",
                            "required_pull_request_reviews.0.require_code_owner_reviews": "false",
                            "required_pull_request_reviews.0.required_approving_review_count": "2",
                            "required_status_checks.#": "0",
                            "restrictions.#": "0"
                        },
                        "meta": {},
                        "tainted": false
                    },
                    "deposed": [],
                    "provider": "provider.github"
                },
                "github_repository.repo": {
                    "type": "github_repository",
                    "depends_on": [],
                    "primary": {
                        "id": "verify-eidas-trust-anchor",
                        "attributes": {
                            "allow_merge_commit": "true",
                            "allow_rebase_merge": "false",
                            "allow_squash_merge": "false",
                            "archived": "false",
                            "auto_init": "true",
                            "default_branch": "master",
                            "description": "Generates trust anchors as JSON Web Keys that allow MSAs and Hubs to validate European metadata.",
                            "etag": "W/\"b249b9df6fde4806ae85a2d3d6bd6b1e\"",
                            "full_name": "alphagov/verify-eidas-trust-anchor",
                            "git_clone_url": "git://github.com/alphagov/verify-eidas-trust-anchor.git",
                            "has_downloads": "false",
                            "has_issues": "true",
                            "has_wiki": "true",
                            "homepage_url": "",
                            "html_url": "https://github.com/alphagov/verify-eidas-trust-anchor",
                            "http_clone_url": "https://github.com/alphagov/verify-eidas-trust-anchor.git",
                            "id": "verify-eidas-trust-anchor",
                            "name": "verify-eidas-trust-anchor",
                            "private": "false",
                            "ssh_clone_url": "git@github.com:alphagov/verify-eidas-trust-anchor.git",
                            "svn_url": "https://github.com/alphagov/verify-eidas-trust-anchor",
                            "topics.#": "1",
                            "topics.2357015465": "verify"
                        },
                        "meta": {},
                        "tainted": false
                    },
                    "deposed": [],
                    "provider": "provider.github"
                },
                "github_team_repository.repo_team_push": {
                    "type": "github_team_repository",
                    "depends_on": [
                        "data.github_team.push_teams.*",
                        "github_repository.repo"
                    ],
                    "primary": {
                        "id": "2826126:verify-eidas-trust-anchor",
                        "attributes": {
                            "etag": "W/\"5012504f1c2fc4e5926bc27e33d4bbd1\"",
                            "id": "2826126:verify-eidas-trust-anchor",
                            "permission": "push",
                            "repository": "verify-eidas-trust-anchor",
                            "team_id": "2826126"
                        },
                        "meta": {},
                        "tainted": false
                    },
                    "deposed": [],
                    "provider": "provider.github"
                }
            },
            "depends_on": []
        },
        {
            "path": [
                "root",
                "repo_verify_event_emitter"
            ],
            "outputs": {},
            "resources": {
                "github_branch_protection.repo_protect_master": {
                    "type": "github_branch_protection",
                    "depends_on": [
                        "github_repository.repo"
                    ],
                    "primary": {
                        "id": "verify-event-emitter:master",
                        "attributes": {
                            "branch": "master",
                            "enforce_admins": "false",
                            "etag": "W/\"a52a78d4a03691b1c18a31c752cb3382\"",
                            "id": "verify-event-emitter:master",
                            "repository": "verify-event-emitter",
                            "required_pull_request_reviews.#": "1",
                            "required_pull_request_reviews.0.dismiss_stale_reviews": "true",
                            "required_pull_request_reviews.0.dismissal_teams.#": "0",
                            "required_pull_request_reviews.0.dismissal_users.#": "0",
                            "required_pull_request_reviews.0.include_admins": "false",
                            "required_pull_request_reviews.0.require_code_owner_reviews": "false",
                            "required_pull_request_reviews.0.required_approving_review_count": "2",
                            "required_status_checks.#": "0",
                            "restrictions.#": "0"
                        },
                        "meta": {},
                        "tainted": false
                    },
                    "deposed": [],
                    "provider": "provider.github"
                },
                "github_repository.repo": {
                    "type": "github_repository",
                    "depends_on": [],
                    "primary": {
                        "id": "verify-event-emitter",
                        "attributes": {
                            "allow_merge_commit": "true",
                            "allow_rebase_merge": "false",
                            "allow_squash_merge": "false",
                            "archived": "false",
                            "auto_init": "true",
                            "default_branch": "master",
                            "description": "Send events",
                            "etag": "W/\"3e4a8d3457957ba5ac2cc500c9921b60\"",
                            "full_name": "alphagov/verify-event-emitter",
                            "git_clone_url": "git://github.com/alphagov/verify-event-emitter.git",
                            "has_downloads": "false",
                            "has_issues": "true",
                            "has_wiki": "true",
                            "homepage_url": "",
                            "html_url": "https://github.com/alphagov/verify-event-emitter",
                            "http_clone_url": "https://github.com/alphagov/verify-event-emitter.git",
                            "id": "verify-event-emitter",
                            "name": "verify-event-emitter",
                            "private": "false",
                            "ssh_clone_url": "git@github.com:alphagov/verify-event-emitter.git",
                            "svn_url": "https://github.com/alphagov/verify-event-emitter",
                            "topics.#": "1",
                            "topics.2357015465": "verify"
                        },
                        "meta": {},
                        "tainted": false
                    },
                    "deposed": [],
                    "provider": "provider.github"
                },
                "github_team_repository.repo_team_push": {
                    "type": "github_team_repository",
                    "depends_on": [
                        "data.github_team.teams.*",
                        "github_repository.repo"
                    ],
                    "primary": {
                        "id": "2826122:verify-event-emitter",
                        "attributes": {
                            "etag": "W/\"944b9f2adde82876988bc082c4e7ff73\"",
                            "id": "2826122:verify-event-emitter",
                            "permission": "push",
                            "repository": "verify-event-emitter",
                            "team_id": "2826122"
                        },
                        "meta": {},
                        "tainted": false
                    },
                    "deposed": [],
                    "provider": "provider.github"
                }
            },
            "depends_on": []
        },
        {
            "path": [
                "root",
                "repo_verify_event_emitter_loader"
            ],
            "outputs": {},
            "resources": {
                "github_branch_protection.repo_protect_master": {
                    "type": "github_branch_protection",
                    "depends_on": [
                        "github_repository.repo"
                    ],
                    "primary": {
                        "id": "verify-event-emitter-loader:master",
                        "attributes": {
                            "branch": "master",
                            "enforce_admins": "false",
                            "etag": "W/\"ea9e271d0af273ca84b405dc01bd7dda\"",
                            "id": "verify-event-emitter-loader:master",
                            "repository": "verify-event-emitter-loader",
                            "required_pull_request_reviews.#": "1",
                            "required_pull_request_reviews.0.dismiss_stale_reviews": "true",
                            "required_pull_request_reviews.0.dismissal_teams.#": "0",
                            "required_pull_request_reviews.0.dismissal_users.#": "0",
                            "required_pull_request_reviews.0.include_admins": "false",
                            "required_pull_request_reviews.0.require_code_owner_reviews": "false",
                            "required_pull_request_reviews.0.required_approving_review_count": "2",
                            "required_status_checks.#": "0",
                            "restrictions.#": "0"
                        },
                        "meta": {},
                        "tainted": false
                    },
                    "deposed": [],
                    "provider": "provider.github"
                },
                "github_repository.repo": {
                    "type": "github_repository",
                    "depends_on": [],
                    "primary": {
                        "id": "verify-event-emitter-loader",
                        "attributes": {
                            "allow_merge_commit": "true",
                            "allow_rebase_merge": "false",
                            "allow_squash_merge": "false",
                            "archived": "false",
                            "default_branch": "master",
                            "description": "Create encrypted events in a given queue",
                            "etag": "W/\"3e7ed98501473886963f66e8a44b0f84\"",
                            "full_name": "alphagov/verify-event-emitter-loader",
                            "git_clone_url": "git://github.com/alphagov/verify-event-emitter-loader.git",
                            "has_downloads": "false",
                            "has_issues": "true",
                            "has_wiki": "true",
                            "homepage_url": "",
                            "html_url": "https://github.com/alphagov/verify-event-emitter-loader",
                            "http_clone_url": "https://github.com/alphagov/verify-event-emitter-loader.git",
                            "id": "verify-event-emitter-loader",
                            "name": "verify-event-emitter-loader",
                            "private": "false",
                            "ssh_clone_url": "git@github.com:alphagov/verify-event-emitter-loader.git",
                            "svn_url": "https://github.com/alphagov/verify-event-emitter-loader",
                            "topics.#": "0"
                        },
                        "meta": {},
                        "tainted": false
                    },
                    "deposed": [],
                    "provider": "provider.github"
                },
                "github_team_repository.repo_team_push": {
                    "type": "github_team_repository",
                    "depends_on": [
                        "data.github_team.push_teams.*",
                        "github_repository.repo"
                    ],
                    "primary": {
                        "id": "2826122:verify-event-emitter-loader",
                        "attributes": {
                            "etag": "W/\"a7bb34d92d10acc1388b320cb9ca667a\"",
                            "id": "2826122:verify-event-emitter-loader",
                            "permission": "push",
                            "repository": "verify-event-emitter-loader",
                            "team_id": "2826122"
                        },
                        "meta": {},
                        "tainted": false
                    },
                    "deposed": [],
                    "provider": "provider.github"
                }
            },
            "depends_on": []
        },
        {
            "path": [
                "root",
                "repo_verify_event_infrastructure"
            ],
            "outputs": {},
            "resources": {
                "github_branch_protection.repo_protect_master": {
                    "type": "github_branch_protection",
                    "depends_on": [
                        "github_repository.repo"
                    ],
                    "primary": {
                        "id": "verify-event-infrastructure:master",
                        "attributes": {
                            "branch": "master",
                            "enforce_admins": "false",
                            "etag": "W/\"2649afcd178e73dc4a5085a8bfc58ef6\"",
                            "id": "verify-event-infrastructure:master",
                            "repository": "verify-event-infrastructure",
                            "required_pull_request_reviews.#": "1",
                            "required_pull_request_reviews.0.dismiss_stale_reviews": "true",
                            "required_pull_request_reviews.0.dismissal_teams.#": "0",
                            "required_pull_request_reviews.0.dismissal_users.#": "0",
                            "required_pull_request_reviews.0.include_admins": "false",
                            "required_pull_request_reviews.0.require_code_owner_reviews": "false",
                            "required_pull_request_reviews.0.required_approving_review_count": "2",
                            "required_status_checks.#": "0",
                            "restrictions.#": "0"
                        },
                        "meta": {},
                        "tainted": false
                    },
                    "deposed": [],
                    "provider": "provider.github"
                },
                "github_repository.repo": {
                    "type": "github_repository",
                    "depends_on": [],
                    "primary": {
                        "id": "verify-event-infrastructure",
                        "attributes": {
                            "allow_merge_commit": "true",
                            "allow_rebase_merge": "false",
                            "allow_squash_merge": "false",
                            "archived": "false",
                            "auto_init": "true",
                            "default_branch": "master",
                            "description": "Infrastructure used to process Audit \u0026 Billing events for Verify",
                            "etag": "W/\"0b6bd11400c1ba601f655fb32ad3d470\"",
                            "full_name": "alphagov/verify-event-infrastructure",
                            "git_clone_url": "git://github.com/alphagov/verify-event-infrastructure.git",
                            "has_downloads": "false",
                            "has_issues": "true",
                            "has_wiki": "true",
                            "homepage_url": "",
                            "html_url": "https://github.com/alphagov/verify-event-infrastructure",
                            "http_clone_url": "https://github.com/alphagov/verify-event-infrastructure.git",
                            "id": "verify-event-infrastructure",
                            "name": "verify-event-infrastructure",
                            "private": "true",
                            "ssh_clone_url": "git@github.com:alphagov/verify-event-infrastructure.git",
                            "svn_url": "https://github.com/alphagov/verify-event-infrastructure",
                            "topics.#": "6",
                            "topics.1617721690": "lambda",
                            "topics.2357015465": "verify",
                            "topics.2480389212": "infrastructure",
                            "topics.3101954328": "sqs",
                            "topics.448075750": "rds",
                            "topics.535570215": "terraform"
                        },
                        "meta": {},
                        "tainted": false
                    },
                    "deposed": [],
                    "provider": "provider.github"
                },
                "github_repository_collaborator.repo_collaborator_pull": {
                    "type": "github_repository_collaborator",
                    "depends_on": [
                        "github_repository.repo"
                    ],
                    "primary": {
                        "id": "verify-event-infrastructure:verify-cd-read-only",
                        "attributes": {
                            "id": "verify-event-infrastructure:verify-cd-read-only",
                            "permission": "pull",
                            "repository": "verify-event-infrastructure",
                            "username": "verify-cd-read-only"
                        },
                        "meta": {},
                        "tainted": false
                    },
                    "deposed": [],
                    "provider": "provider.github"
                },
                "github_team_repository.repo_team_push.0": {
                    "type": "github_team_repository",
                    "depends_on": [
                        "data.github_team.push_teams.*",
                        "github_repository.repo"
                    ],
                    "primary": {
                        "id": "2826122:verify-event-infrastructure",
                        "attributes": {
                            "etag": "W/\"db5e0a2d875a58aa80041227b73d9de8\"",
                            "id": "2826122:verify-event-infrastructure",
                            "permission": "push",
                            "repository": "verify-event-infrastructure",
                            "team_id": "2826122"
                        },
                        "meta": {},
                        "tainted": false
                    },
                    "deposed": [],
                    "provider": "provider.github"
                },
                "github_team_repository.repo_team_push.1": {
                    "type": "github_team_repository",
                    "depends_on": [
                        "data.github_team.push_teams.*",
                        "github_repository.repo"
                    ],
                    "primary": {
                        "id": "2826127:verify-event-infrastructure",
                        "attributes": {
                            "etag": "W/\"db5e0a2d875a58aa80041227b73d9de8\"",
                            "id": "2826127:verify-event-infrastructure",
                            "permission": "push",
                            "repository": "verify-event-infrastructure",
                            "team_id": "2826127"
                        },
                        "meta": {},
                        "tainted": false
                    },
                    "deposed": [],
                    "provider": "provider.github"
                }
            },
            "depends_on": []
        },
        {
            "path": [
                "root",
                "repo_verify_event_recorder_service"
            ],
            "outputs": {},
            "resources": {
                "github_branch_protection.repo_protect_master": {
                    "type": "github_branch_protection",
                    "depends_on": [
                        "github_repository.repo"
                    ],
                    "primary": {
                        "id": "verify-event-recorder-service:master",
                        "attributes": {
                            "branch": "master",
                            "enforce_admins": "false",
                            "etag": "W/\"f46006e2bab2b1f8fe81124a7afe20d8\"",
                            "id": "verify-event-recorder-service:master",
                            "repository": "verify-event-recorder-service",
                            "required_pull_request_reviews.#": "1",
                            "required_pull_request_reviews.0.dismiss_stale_reviews": "true",
                            "required_pull_request_reviews.0.dismissal_teams.#": "0",
                            "required_pull_request_reviews.0.dismissal_users.#": "0",
                            "required_pull_request_reviews.0.include_admins": "false",
                            "required_pull_request_reviews.0.require_code_owner_reviews": "false",
                            "required_pull_request_reviews.0.required_approving_review_count": "2",
                            "required_status_checks.#": "0",
                            "restrictions.#": "0"
                        },
                        "meta": {},
                        "tainted": false
                    },
                    "deposed": [],
                    "provider": "provider.github"
                },
                "github_repository.repo": {
                    "type": "github_repository",
                    "depends_on": [],
                    "primary": {
                        "id": "verify-event-recorder-service",
                        "attributes": {
                            "allow_merge_commit": "true",
                            "allow_rebase_merge": "false",
                            "allow_squash_merge": "false",
                            "archived": "false",
                            "auto_init": "true",
                            "default_branch": "master",
                            "description": "This service is part of Verify's event recording system; its purpose is to read events from a queue and write them to a permanent datastore.",
                            "etag": "W/\"07eafc86ccf241751406bb59856615ff\"",
                            "full_name": "alphagov/verify-event-recorder-service",
                            "git_clone_url": "git://github.com/alphagov/verify-event-recorder-service.git",
                            "has_downloads": "false",
                            "has_issues": "true",
                            "has_wiki": "true",
                            "homepage_url": "",
                            "html_url": "https://github.com/alphagov/verify-event-recorder-service",
                            "http_clone_url": "https://github.com/alphagov/verify-event-recorder-service.git",
                            "id": "verify-event-recorder-service",
                            "name": "verify-event-recorder-service",
                            "private": "false",
                            "ssh_clone_url": "git@github.com:alphagov/verify-event-recorder-service.git",
                            "svn_url": "https://github.com/alphagov/verify-event-recorder-service",
                            "topics.#": "1",
                            "topics.2357015465": "verify"
                        },
                        "meta": {},
                        "tainted": false
                    },
                    "deposed": [],
                    "provider": "provider.github"
                },
                "github_team_repository.repo_team_push": {
                    "type": "github_team_repository",
                    "depends_on": [
                        "data.github_team.teams.*",
                        "github_repository.repo"
                    ],
                    "primary": {
                        "id": "2826122:verify-event-recorder-service",
                        "attributes": {
                            "etag": "W/\"fc84284d88292e77aafd1395db8999a5\"",
                            "id": "2826122:verify-event-recorder-service",
                            "permission": "push",
                            "repository": "verify-event-recorder-service",
                            "team_id": "2826122"
                        },
                        "meta": {},
                        "tainted": false
                    },
                    "deposed": [],
                    "provider": "provider.github"
                }
            },
            "depends_on": []
        },
        {
            "path": [
                "root",
                "repo_verify_event_system_database_scripts"
            ],
            "outputs": {},
            "resources": {
                "github_branch_protection.repo_protect_master": {
                    "type": "github_branch_protection",
                    "depends_on": [
                        "github_repository.repo"
                    ],
                    "primary": {
                        "id": "verify-event-system-database-scripts:master",
                        "attributes": {
                            "branch": "master",
                            "enforce_admins": "false",
                            "etag": "W/\"04e3586fde275cdd690df082f1fbd24e\"",
                            "id": "verify-event-system-database-scripts:master",
                            "repository": "verify-event-system-database-scripts",
                            "required_pull_request_reviews.#": "1",
                            "required_pull_request_reviews.0.dismiss_stale_reviews": "true",
                            "required_pull_request_reviews.0.dismissal_teams.#": "0",
                            "required_pull_request_reviews.0.dismissal_users.#": "0",
                            "required_pull_request_reviews.0.include_admins": "false",
                            "required_pull_request_reviews.0.require_code_owner_reviews": "false",
                            "required_pull_request_reviews.0.required_approving_review_count": "2",
                            "required_status_checks.#": "0",
                            "restrictions.#": "0"
                        },
                        "meta": {},
                        "tainted": false
                    },
                    "deposed": [],
                    "provider": "provider.github"
                },
                "github_repository.repo": {
                    "type": "github_repository",
                    "depends_on": [],
                    "primary": {
                        "id": "verify-event-system-database-scripts",
                        "attributes": {
                            "allow_merge_commit": "true",
                            "allow_rebase_merge": "false",
                            "allow_squash_merge": "false",
                            "archived": "false",
                            "default_branch": "master",
                            "description": "SQL scripts and schemas for the Event System database",
                            "etag": "W/\"f1a59faeff56ecfd9dedfd0b26971d4f\"",
                            "full_name": "alphagov/verify-event-system-database-scripts",
                            "git_clone_url": "git://github.com/alphagov/verify-event-system-database-scripts.git",
                            "has_downloads": "false",
                            "has_issues": "true",
                            "has_wiki": "true",
                            "homepage_url": "",
                            "html_url": "https://github.com/alphagov/verify-event-system-database-scripts",
                            "http_clone_url": "https://github.com/alphagov/verify-event-system-database-scripts.git",
                            "id": "verify-event-system-database-scripts",
                            "name": "verify-event-system-database-scripts",
                            "private": "false",
                            "ssh_clone_url": "git@github.com:alphagov/verify-event-system-database-scripts.git",
                            "svn_url": "https://github.com/alphagov/verify-event-system-database-scripts",
                            "topics.#": "0"
                        },
                        "meta": {},
                        "tainted": false
                    },
                    "deposed": [],
                    "provider": "provider.github"
                },
                "github_team_repository.repo_team_push": {
                    "type": "github_team_repository",
                    "depends_on": [
                        "github_repository.repo"
                    ],
                    "primary": {
                        "id": "2826122:verify-event-system-database-scripts",
                        "attributes": {
                            "etag": "W/\"3ac8f21c35de7e63114d3d90c03c2cdc\"",
                            "id": "2826122:verify-event-system-database-scripts",
                            "permission": "push",
                            "repository": "verify-event-system-database-scripts",
                            "team_id": "2826122"
                        },
                        "meta": {},
                        "tainted": false
                    },
                    "deposed": [],
                    "provider": "provider.github"
                }
            },
            "depends_on": []
        },
        {
            "path": [
                "root",
                "repo_verify_fabric"
            ],
            "outputs": {},
            "resources": {
                "github_branch_protection.repo_protect_master": {
                    "type": "github_branch_protection",
                    "depends_on": [],
                    "primary": {
                        "id": "verify-fabric:master",
                        "attributes": {
                            "branch": "master",
                            "enforce_admins": "false",
                            "etag": "W/\"68b1cfc273807d8f4516437fb578ba3f\"",
                            "id": "verify-fabric:master",
                            "repository": "verify-fabric",
                            "required_pull_request_reviews.#": "1",
                            "required_pull_request_reviews.0.dismiss_stale_reviews": "true",
                            "required_pull_request_reviews.0.dismissal_teams.#": "0",
                            "required_pull_request_reviews.0.dismissal_users.#": "0",
                            "required_pull_request_reviews.0.include_admins": "false",
                            "required_pull_request_reviews.0.require_code_owner_reviews": "false",
                            "required_pull_request_reviews.0.required_approving_review_count": "2",
                            "required_status_checks.#": "0",
                            "restrictions.#": "0"
                        },
                        "meta": {},
                        "tainted": false
                    },
                    "deposed": [],
                    "provider": "provider.github"
                },
                "github_repository.repo": {
                    "type": "github_repository",
                    "depends_on": [],
                    "primary": {
                        "id": "verify-fabric",
                        "attributes": {
                            "allow_merge_commit": "true",
                            "allow_rebase_merge": "false",
                            "allow_squash_merge": "false",
                            "archived": "false",
                            "auto_init": "true",
                            "default_branch": "master",
                            "description": " Fabric for Verify ",
                            "etag": "W/\"bdeeec4622ee2ea9a1eb4745144df705\"",
                            "full_name": "alphagov/verify-fabric",
                            "git_clone_url": "git://github.com/alphagov/verify-fabric.git",
                            "has_downloads": "false",
                            "has_issues": "true",
                            "has_wiki": "true",
                            "homepage_url": "",
                            "html_url": "https://github.com/alphagov/verify-fabric",
                            "http_clone_url": "https://github.com/alphagov/verify-fabric.git",
                            "id": "verify-fabric",
                            "name": "verify-fabric",
                            "private": "true",
                            "ssh_clone_url": "git@github.com:alphagov/verify-fabric.git",
                            "svn_url": "https://github.com/alphagov/verify-fabric",
                            "topics.#": "1",
                            "topics.2357015465": "verify"
                        },
                        "meta": {},
                        "tainted": false
                    },
                    "deposed": [],
                    "provider": "provider.github"
                },
                "github_team_repository.repo_team_push.0": {
                    "type": "github_team_repository",
                    "depends_on": [
                        "data.github_team.push_teams.*",
                        "github_repository.repo"
                    ],
                    "primary": {
                        "id": "2826122:verify-fabric",
                        "attributes": {
                            "etag": "W/\"339da7495225e3890662f953b953f2f6\"",
                            "id": "2826122:verify-fabric",
                            "permission": "push",
                            "repository": "verify-fabric",
                            "team_id": "2826122"
                        },
                        "meta": {},
                        "tainted": false
                    },
                    "deposed": [],
                    "provider": "provider.github"
                },
                "github_team_repository.repo_team_push.1": {
                    "type": "github_team_repository",
                    "depends_on": [
                        "data.github_team.push_teams.*",
                        "github_repository.repo"
                    ],
                    "primary": {
                        "id": "2826127:verify-fabric",
                        "attributes": {
                            "etag": "W/\"339da7495225e3890662f953b953f2f6\"",
                            "id": "2826127:verify-fabric",
                            "permission": "push",
                            "repository": "verify-fabric",
                            "team_id": "2826127"
                        },
                        "meta": {},
                        "tainted": false
                    },
                    "deposed": [],
                    "provider": "provider.github"
                }
            },
            "depends_on": []
        },
        {
            "path": [
                "root",
                "repo_verify_frontend"
            ],
            "outputs": {},
            "resources": {
                "github_branch_protection.repo_protect_master": {
                    "type": "github_branch_protection",
                    "depends_on": [],
                    "primary": {
                        "id": "verify-frontend:master",
                        "attributes": {
                            "branch": "master",
                            "enforce_admins": "false",
                            "etag": "W/\"9401944fcd15e3144bc939134c9ed9e7\"",
                            "id": "verify-frontend:master",
                            "repository": "verify-frontend",
                            "required_pull_request_reviews.#": "1",
                            "required_pull_request_reviews.0.dismiss_stale_reviews": "true",
                            "required_pull_request_reviews.0.dismissal_teams.#": "0",
                            "required_pull_request_reviews.0.dismissal_users.#": "0",
                            "required_pull_request_reviews.0.include_admins": "false",
                            "required_pull_request_reviews.0.require_code_owner_reviews": "false",
                            "required_pull_request_reviews.0.required_approving_review_count": "2",
                            "required_status_checks.#": "0",
                            "restrictions.#": "0"
                        },
                        "meta": {},
                        "tainted": false
                    },
                    "deposed": [],
                    "provider": "provider.github"
                },
                "github_repository.repo": {
                    "type": "github_repository",
                    "depends_on": [],
                    "primary": {
                        "id": "verify-frontend",
                        "attributes": {
                            "allow_merge_commit": "true",
                            "allow_rebase_merge": "false",
                            "allow_squash_merge": "false",
                            "archived": "false",
                            "auto_init": "true",
                            "default_branch": "master",
                            "description": "The frontend service for GOV.UK Verify",
                            "etag": "W/\"1bd2985ca13dbe2c13131840d2614ff7\"",
                            "full_name": "alphagov/verify-frontend",
                            "git_clone_url": "git://github.com/alphagov/verify-frontend.git",
                            "has_downloads": "false",
                            "has_issues": "true",
                            "has_wiki": "true",
                            "homepage_url": "",
                            "html_url": "https://github.com/alphagov/verify-frontend",
                            "http_clone_url": "https://github.com/alphagov/verify-frontend.git",
                            "id": "verify-frontend",
                            "name": "verify-frontend",
                            "private": "false",
                            "ssh_clone_url": "git@github.com:alphagov/verify-frontend.git",
                            "svn_url": "https://github.com/alphagov/verify-frontend",
                            "topics.#": "2",
                            "topics.2357015465": "verify",
                            "topics.2591869144": "frontend"
                        },
                        "meta": {},
                        "tainted": false
                    },
                    "deposed": [],
                    "provider": "provider.github"
                },
                "github_team_repository.repo_team_push": {
                    "type": "github_team_repository",
                    "depends_on": [
                        "data.github_team.push_teams.*",
                        "github_repository.repo"
                    ],
                    "primary": {
                        "id": "2826122:verify-frontend",
                        "attributes": {
                            "etag": "W/\"06d951a54486ddd3f611db50ebb45169\"",
                            "id": "2826122:verify-frontend",
                            "permission": "push",
                            "repository": "verify-frontend",
                            "team_id": "2826122"
                        },
                        "meta": {},
                        "tainted": false
                    },
                    "deposed": [],
                    "provider": "provider.github"
                }
            },
            "depends_on": []
        },
        {
            "path": [
                "root",
                "repo_verify_frontend_federation_config"
            ],
            "outputs": {},
            "resources": {
                "github_branch_protection.repo_protect_master": {
                    "type": "github_branch_protection",
                    "depends_on": [],
                    "primary": {
                        "id": "verify-frontend-federation-config:master",
                        "attributes": {
                            "branch": "master",
                            "enforce_admins": "false",
                            "etag": "W/\"640ed243a16bfb356da3c18730216b06\"",
                            "id": "verify-frontend-federation-config:master",
                            "repository": "verify-frontend-federation-config",
                            "required_pull_request_reviews.#": "1",
                            "required_pull_request_reviews.0.dismiss_stale_reviews": "true",
                            "required_pull_request_reviews.0.dismissal_teams.#": "0",
                            "required_pull_request_reviews.0.dismissal_users.#": "0",
                            "required_pull_request_reviews.0.include_admins": "false",
                            "required_pull_request_reviews.0.require_code_owner_reviews": "false",
                            "required_pull_request_reviews.0.required_approving_review_count": "2",
                            "required_status_checks.#": "0",
                            "restrictions.#": "0"
                        },
                        "meta": {},
                        "tainted": false
                    },
                    "deposed": [],
                    "provider": "provider.github"
                },
                "github_repository.repo": {
                    "type": "github_repository",
                    "depends_on": [],
                    "primary": {
                        "id": "verify-frontend-federation-config",
                        "attributes": {
                            "allow_merge_commit": "true",
                            "allow_rebase_merge": "false",
                            "allow_squash_merge": "false",
                            "archived": "false",
                            "auto_init": "true",
                            "default_branch": "master",
                            "description": "Federation configuration for the Verify frontend",
                            "etag": "W/\"31022230468f2e46cbdc37cb6bc1bc4c\"",
                            "full_name": "alphagov/verify-frontend-federation-config",
                            "git_clone_url": "git://github.com/alphagov/verify-frontend-federation-config.git",
                            "has_downloads": "false",
                            "has_issues": "true",
                            "has_wiki": "true",
                            "homepage_url": "",
                            "html_url": "https://github.com/alphagov/verify-frontend-federation-config",
                            "http_clone_url": "https://github.com/alphagov/verify-frontend-federation-config.git",
                            "id": "verify-frontend-federation-config",
                            "name": "verify-frontend-federation-config",
                            "private": "true",
                            "ssh_clone_url": "git@github.com:alphagov/verify-frontend-federation-config.git",
                            "svn_url": "https://github.com/alphagov/verify-frontend-federation-config",
                            "topics.#": "1",
                            "topics.2357015465": "verify"
                        },
                        "meta": {},
                        "tainted": false
                    },
                    "deposed": [],
                    "provider": "provider.github"
                },
                "github_team_repository.repo_team_push": {
                    "type": "github_team_repository",
                    "depends_on": [
                        "data.github_team.push_teams.*",
                        "github_repository.repo"
                    ],
                    "primary": {
                        "id": "2826122:verify-frontend-federation-config",
                        "attributes": {
                            "etag": "W/\"121eb5ed818eb94ceee64f51af1dd8cf\"",
                            "id": "2826122:verify-frontend-federation-config",
                            "permission": "push",
                            "repository": "verify-frontend-federation-config",
                            "team_id": "2826122"
                        },
                        "meta": {},
                        "tainted": false
                    },
                    "deposed": [],
                    "provider": "provider.github"
                }
            },
            "depends_on": []
        },
        {
            "path": [
                "root",
                "repo_verify_german_eidas_middleware"
            ],
            "outputs": {},
            "resources": {
                "github_branch_protection.repo_protect_master": {
                    "type": "github_branch_protection",
                    "depends_on": [],
                    "primary": {
                        "id": "verify-german-eidas-middleware:master",
                        "attributes": {
                            "branch": "master",
                            "enforce_admins": "false",
                            "etag": "W/\"91bf15cd3d26df222363dde94cf49a80\"",
                            "id": "verify-german-eidas-middleware:master",
                            "repository": "verify-german-eidas-middleware",
                            "required_pull_request_reviews.#": "1",
                            "required_pull_request_reviews.0.dismiss_stale_reviews": "true",
                            "required_pull_request_reviews.0.dismissal_teams.#": "0",
                            "required_pull_request_reviews.0.dismissal_users.#": "0",
                            "required_pull_request_reviews.0.include_admins": "false",
                            "required_pull_request_reviews.0.require_code_owner_reviews": "false",
                            "required_pull_request_reviews.0.required_approving_review_count": "2",
                            "required_status_checks.#": "0",
                            "restrictions.#": "0"
                        },
                        "meta": {},
                        "tainted": false
                    },
                    "deposed": [],
                    "provider": "provider.github"
                },
                "github_repository.repo": {
                    "type": "github_repository",
                    "depends_on": [],
                    "primary": {
                        "id": "verify-german-eidas-middleware",
                        "attributes": {
                            "allow_merge_commit": "true",
                            "allow_rebase_merge": "false",
                            "allow_squash_merge": "false",
                            "archived": "false",
                            "auto_init": "true",
                            "default_branch": "master",
                            "description": "",
                            "etag": "W/\"863614d568f27f61b380a5c1fcdb8574\"",
                            "full_name": "alphagov/verify-german-eidas-middleware",
                            "git_clone_url": "git://github.com/alphagov/verify-german-eidas-middleware.git",
                            "has_downloads": "false",
                            "has_issues": "true",
                            "has_wiki": "true",
                            "homepage_url": "",
                            "html_url": "https://github.com/alphagov/verify-german-eidas-middleware",
                            "http_clone_url": "https://github.com/alphagov/verify-german-eidas-middleware.git",
                            "id": "verify-german-eidas-middleware",
                            "name": "verify-german-eidas-middleware",
                            "private": "false",
                            "ssh_clone_url": "git@github.com:alphagov/verify-german-eidas-middleware.git",
                            "svn_url": "https://github.com/alphagov/verify-german-eidas-middleware",
                            "topics.#": "1",
                            "topics.2357015465": "verify"
                        },
                        "meta": {},
                        "tainted": false
                    },
                    "deposed": [],
                    "provider": "provider.github"
                },
                "github_team_repository.repo_team_push": {
                    "type": "github_team_repository",
                    "depends_on": [
                        "data.github_team.push_teams.*",
                        "github_repository.repo"
                    ],
                    "primary": {
                        "id": "2826126:verify-german-eidas-middleware",
                        "attributes": {
                            "etag": "W/\"59fe50b598c985418763416a76885cee\"",
                            "id": "2826126:verify-german-eidas-middleware",
                            "permission": "push",
                            "repository": "verify-german-eidas-middleware",
                            "team_id": "2826126"
                        },
                        "meta": {},
                        "tainted": false
                    },
                    "deposed": [],
                    "provider": "provider.github"
                }
            },
            "depends_on": []
        },
        {
            "path": [
                "root",
                "repo_verify_hub"
            ],
            "outputs": {},
            "resources": {
                "github_branch_protection.repo_protect_master": {
                    "type": "github_branch_protection",
                    "depends_on": [
                        "github_repository.repo"
                    ],
                    "primary": {
                        "id": "verify-hub:master",
                        "attributes": {
                            "branch": "master",
                            "enforce_admins": "false",
                            "etag": "W/\"a641861f5c3315bf034949e9ae783b73\"",
                            "id": "verify-hub:master",
                            "repository": "verify-hub",
                            "required_pull_request_reviews.#": "1",
                            "required_pull_request_reviews.0.dismiss_stale_reviews": "true",
                            "required_pull_request_reviews.0.dismissal_teams.#": "0",
                            "required_pull_request_reviews.0.dismissal_users.#": "0",
                            "required_pull_request_reviews.0.include_admins": "false",
                            "required_pull_request_reviews.0.require_code_owner_reviews": "false",
                            "required_pull_request_reviews.0.required_approving_review_count": "2",
                            "required_status_checks.#": "0",
                            "restrictions.#": "0"
                        },
                        "meta": {},
                        "tainted": false
                    },
                    "deposed": [],
                    "provider": "provider.github"
                },
                "github_repository.repo": {
                    "type": "github_repository",
                    "depends_on": [],
                    "primary": {
                        "id": "verify-hub",
                        "attributes": {
                            "allow_merge_commit": "true",
                            "allow_rebase_merge": "false",
                            "allow_squash_merge": "false",
                            "archived": "false",
                            "auto_init": "true",
                            "default_branch": "master",
                            "description": "Verify Hub Microservices",
                            "etag": "W/\"b7ddb2596518576a410a862ab1e1737d\"",
                            "full_name": "alphagov/verify-hub",
                            "git_clone_url": "git://github.com/alphagov/verify-hub.git",
                            "has_downloads": "false",
                            "has_issues": "true",
                            "has_wiki": "true",
                            "homepage_url": "",
                            "html_url": "https://github.com/alphagov/verify-hub",
                            "http_clone_url": "https://github.com/alphagov/verify-hub.git",
                            "id": "verify-hub",
                            "name": "verify-hub",
                            "private": "false",
                            "ssh_clone_url": "git@github.com:alphagov/verify-hub.git",
                            "svn_url": "https://github.com/alphagov/verify-hub",
                            "topics.#": "1",
                            "topics.2357015465": "verify"
                        },
                        "meta": {},
                        "tainted": false
                    },
                    "deposed": [],
                    "provider": "provider.github"
                },
                "github_team_repository.repo_team_push": {
                    "type": "github_team_repository",
                    "depends_on": [
                        "data.github_team.teams.*",
                        "github_repository.repo"
                    ],
                    "primary": {
                        "id": "2826122:verify-hub",
                        "attributes": {
                            "etag": "W/\"a7d3f35e28d69398185b708b3b058230\"",
                            "id": "2826122:verify-hub",
                            "permission": "push",
                            "repository": "verify-hub",
                            "team_id": "2826122"
                        },
                        "meta": {},
                        "tainted": false
                    },
                    "deposed": [],
                    "provider": "provider.github"
                }
            },
            "depends_on": []
        },
        {
            "path": [
                "root",
                "repo_verify_hub_federation_config"
            ],
            "outputs": {},
            "resources": {
                "github_branch_protection.repo_protect_master": {
                    "type": "github_branch_protection",
                    "depends_on": [],
                    "primary": {
                        "id": "verify-hub-federation-config:master",
                        "attributes": {
                            "branch": "master",
                            "enforce_admins": "false",
                            "etag": "W/\"bd4f37198e4d50d131191a57c6b05973\"",
                            "id": "verify-hub-federation-config:master",
                            "repository": "verify-hub-federation-config",
                            "required_pull_request_reviews.#": "1",
                            "required_pull_request_reviews.0.dismiss_stale_reviews": "true",
                            "required_pull_request_reviews.0.dismissal_teams.#": "0",
                            "required_pull_request_reviews.0.dismissal_users.#": "0",
                            "required_pull_request_reviews.0.include_admins": "false",
                            "required_pull_request_reviews.0.require_code_owner_reviews": "false",
                            "required_pull_request_reviews.0.required_approving_review_count": "2",
                            "required_status_checks.#": "0",
                            "restrictions.#": "0"
                        },
                        "meta": {},
                        "tainted": false
                    },
                    "deposed": [],
                    "provider": "provider.github"
                },
                "github_repository.repo": {
                    "type": "github_repository",
                    "depends_on": [],
                    "primary": {
                        "id": "verify-hub-federation-config",
                        "attributes": {
                            "allow_merge_commit": "true",
                            "allow_rebase_merge": "false",
                            "allow_squash_merge": "false",
                            "archived": "false",
                            "auto_init": "true",
                            "default_branch": "master",
                            "description": "Verify Hub federation configuration",
                            "etag": "W/\"7a17055564c3e2c45afb55e6a91e606b\"",
                            "full_name": "alphagov/verify-hub-federation-config",
                            "git_clone_url": "git://github.com/alphagov/verify-hub-federation-config.git",
                            "has_downloads": "false",
                            "has_issues": "true",
                            "has_wiki": "true",
                            "homepage_url": "",
                            "html_url": "https://github.com/alphagov/verify-hub-federation-config",
                            "http_clone_url": "https://github.com/alphagov/verify-hub-federation-config.git",
                            "id": "verify-hub-federation-config",
                            "name": "verify-hub-federation-config",
                            "private": "true",
                            "ssh_clone_url": "git@github.com:alphagov/verify-hub-federation-config.git",
                            "svn_url": "https://github.com/alphagov/verify-hub-federation-config",
                            "topics.#": "1",
                            "topics.2357015465": "verify"
                        },
                        "meta": {},
                        "tainted": false
                    },
                    "deposed": [],
                    "provider": "provider.github"
                },
                "github_team_repository.repo_team_push": {
                    "type": "github_team_repository",
                    "depends_on": [
                        "data.github_team.teams.*",
                        "github_repository.repo"
                    ],
                    "primary": {
                        "id": "2826122:verify-hub-federation-config",
                        "attributes": {
                            "etag": "W/\"bb933784daa4e2edcfaf02f26f540794\"",
                            "id": "2826122:verify-hub-federation-config",
                            "permission": "push",
                            "repository": "verify-hub-federation-config",
                            "team_id": "2826122"
                        },
                        "meta": {},
                        "tainted": false
                    },
                    "deposed": [],
                    "provider": "provider.github"
                }
            },
            "depends_on": []
        },
        {
            "path": [
                "root",
                "repo_verify_idp_pid_hasherator"
            ],
            "outputs": {},
            "resources": {
                "github_branch_protection.repo_protect_master": {
                    "type": "github_branch_protection",
                    "depends_on": [
                        "github_repository.repo"
                    ],
                    "primary": {
                        "id": "verify-idp-pid-hasherator:master",
                        "attributes": {
                            "branch": "master",
                            "enforce_admins": "false",
                            "etag": "W/\"0cb20da2f5b481ca348151b25a4bfdbc\"",
                            "id": "verify-idp-pid-hasherator:master",
                            "repository": "verify-idp-pid-hasherator",
                            "required_pull_request_reviews.#": "1",
                            "required_pull_request_reviews.0.dismiss_stale_reviews": "true",
                            "required_pull_request_reviews.0.dismissal_teams.#": "0",
                            "required_pull_request_reviews.0.dismissal_users.#": "0",
                            "required_pull_request_reviews.0.include_admins": "false",
                            "required_pull_request_reviews.0.require_code_owner_reviews": "false",
                            "required_pull_request_reviews.0.required_approving_review_count": "2",
                            "required_status_checks.#": "0",
                            "restrictions.#": "0"
                        },
                        "meta": {},
                        "tainted": false
                    },
                    "deposed": [],
                    "provider": "provider.github"
                },
                "github_repository.repo": {
                    "type": "github_repository",
                    "depends_on": [],
                    "primary": {
                        "id": "verify-idp-pid-hasherator",
                        "attributes": {
                            "allow_merge_commit": "true",
                            "allow_rebase_merge": "false",
                            "allow_squash_merge": "false",
                            "archived": "false",
                            "default_branch": "master",
                            "description": "Hash event PIDs from IDP reports for reconciliation",
                            "etag": "W/\"5d2dabcf7e199408b01327cec44b0649\"",
                            "full_name": "alphagov/verify-idp-pid-hasherator",
                            "git_clone_url": "git://github.com/alphagov/verify-idp-pid-hasherator.git",
                            "has_downloads": "false",
                            "has_issues": "true",
                            "has_wiki": "true",
                            "homepage_url": "",
                            "html_url": "https://github.com/alphagov/verify-idp-pid-hasherator",
                            "http_clone_url": "https://github.com/alphagov/verify-idp-pid-hasherator.git",
                            "id": "verify-idp-pid-hasherator",
                            "name": "verify-idp-pid-hasherator",
                            "private": "false",
                            "ssh_clone_url": "git@github.com:alphagov/verify-idp-pid-hasherator.git",
                            "svn_url": "https://github.com/alphagov/verify-idp-pid-hasherator",
                            "topics.#": "0"
                        },
                        "meta": {},
                        "tainted": false
                    },
                    "deposed": [],
                    "provider": "provider.github"
                },
                "github_team_repository.repo_team_push": {
                    "type": "github_team_repository",
                    "depends_on": [
                        "github_repository.repo"
                    ],
                    "primary": {
                        "id": "2826122:verify-idp-pid-hasherator",
                        "attributes": {
                            "etag": "W/\"65bcc0e582bd21db1c84d0c026b983fd\"",
                            "id": "2826122:verify-idp-pid-hasherator",
                            "permission": "push",
                            "repository": "verify-idp-pid-hasherator",
                            "team_id": "2826122"
                        },
                        "meta": {},
                        "tainted": false
                    },
                    "deposed": [],
                    "provider": "provider.github"
                }
            },
            "depends_on": []
        },
        {
            "path": [
                "root",
                "repo_verify_idp_predictor"
            ],
            "outputs": {},
            "resources": {
                "github_branch_protection.repo_protect_master": {
                    "type": "github_branch_protection",
                    "depends_on": [
                        "github_repository.repo"
                    ],
                    "primary": {
                        "id": "verify-idp-predictor:master",
                        "attributes": {
                            "branch": "master",
                            "enforce_admins": "false",
                            "etag": "W/\"cbde7006764fdc59432d1f0495948c28\"",
                            "id": "verify-idp-predictor:master",
                            "repository": "verify-idp-predictor",
                            "required_pull_request_reviews.#": "1",
                            "required_pull_request_reviews.0.dismiss_stale_reviews": "true",
                            "required_pull_request_reviews.0.dismissal_teams.#": "0",
                            "required_pull_request_reviews.0.dismissal_users.#": "0",
                            "required_pull_request_reviews.0.include_admins": "false",
                            "required_pull_request_reviews.0.require_code_owner_reviews": "false",
                            "required_pull_request_reviews.0.required_approving_review_count": "2",
                            "required_status_checks.#": "0",
                            "restrictions.#": "0"
                        },
                        "meta": {},
                        "tainted": false
                    },
                    "deposed": [],
                    "provider": "provider.github"
                },
                "github_repository.repo": {
                    "type": "github_repository",
                    "depends_on": [],
                    "primary": {
                        "id": "verify-idp-predictor",
                        "attributes": {
                            "allow_merge_commit": "true",
                            "allow_rebase_merge": "false",
                            "allow_squash_merge": "false",
                            "archived": "false",
                            "default_branch": "master",
                            "description": "The IDP Predictor for GOV.UK Verify.",
                            "etag": "W/\"7aef43833d44126ade807ec7978e4141\"",
                            "full_name": "alphagov/verify-idp-predictor",
                            "git_clone_url": "git://github.com/alphagov/verify-idp-predictor.git",
                            "has_downloads": "false",
                            "has_issues": "true",
                            "has_wiki": "true",
                            "homepage_url": "",
                            "html_url": "https://github.com/alphagov/verify-idp-predictor",
                            "http_clone_url": "https://github.com/alphagov/verify-idp-predictor.git",
                            "id": "verify-idp-predictor",
                            "name": "verify-idp-predictor",
                            "private": "true",
                            "ssh_clone_url": "git@github.com:alphagov/verify-idp-predictor.git",
                            "svn_url": "https://github.com/alphagov/verify-idp-predictor",
                            "topics.#": "0"
                        },
                        "meta": {},
                        "tainted": false
                    },
                    "deposed": [],
                    "provider": "provider.github"
                },
                "github_team_repository.repo_team_push": {
                    "type": "github_team_repository",
                    "depends_on": [
                        "data.github_team.push_teams.*",
                        "github_repository.repo"
                    ],
                    "primary": {
                        "id": "2826122:verify-idp-predictor",
                        "attributes": {
                            "etag": "W/\"57530aac2d374dd4dead0cef07ffe797\"",
                            "id": "2826122:verify-idp-predictor",
                            "permission": "push",
                            "repository": "verify-idp-predictor",
                            "team_id": "2826122"
                        },
                        "meta": {},
                        "tainted": false
                    },
                    "deposed": [],
                    "provider": "provider.github"
                }
            },
            "depends_on": []
        },
        {
            "path": [
                "root",
                "repo_verify_il3_laptop_bootstrap"
            ],
            "outputs": {},
            "resources": {
                "github_branch_protection.repo_protect_master": {
                    "type": "github_branch_protection",
                    "depends_on": [
                        "github_repository.repo"
                    ],
                    "primary": {
                        "id": "verify-il3-laptop-bootstrap:master",
                        "attributes": {
                            "branch": "master",
                            "enforce_admins": "false",
                            "etag": "W/\"a5569b1c9dec82ea54a75e496a500642\"",
                            "id": "verify-il3-laptop-bootstrap:master",
                            "repository": "verify-il3-laptop-bootstrap",
                            "required_pull_request_reviews.#": "1",
                            "required_pull_request_reviews.0.dismiss_stale_reviews": "true",
                            "required_pull_request_reviews.0.dismissal_teams.#": "0",
                            "required_pull_request_reviews.0.dismissal_users.#": "0",
                            "required_pull_request_reviews.0.include_admins": "false",
                            "required_pull_request_reviews.0.require_code_owner_reviews": "false",
                            "required_pull_request_reviews.0.required_approving_review_count": "2",
                            "required_status_checks.#": "0",
                            "restrictions.#": "0"
                        },
                        "meta": {},
                        "tainted": false
                    },
                    "deposed": [],
                    "provider": "provider.github"
                },
                "github_repository.repo": {
                    "type": "github_repository",
                    "depends_on": [],
                    "primary": {
                        "id": "verify-il3-laptop-bootstrap",
                        "attributes": {
                            "allow_merge_commit": "true",
                            "allow_rebase_merge": "false",
                            "allow_squash_merge": "false",
                            "archived": "false",
                            "auto_init": "true",
                            "default_branch": "master",
                            "description": "A simple set of shell scripts to set up a secure build laptop for Verify",
                            "etag": "W/\"f094f59e49474c8eb6a0a4a3a0e5a02b\"",
                            "full_name": "alphagov/verify-il3-laptop-bootstrap",
                            "git_clone_url": "git://github.com/alphagov/verify-il3-laptop-bootstrap.git",
                            "has_downloads": "false",
                            "has_issues": "true",
                            "has_wiki": "true",
                            "homepage_url": "",
                            "html_url": "https://github.com/alphagov/verify-il3-laptop-bootstrap",
                            "http_clone_url": "https://github.com/alphagov/verify-il3-laptop-bootstrap.git",
                            "id": "verify-il3-laptop-bootstrap",
                            "name": "verify-il3-laptop-bootstrap",
                            "private": "true",
                            "ssh_clone_url": "git@github.com:alphagov/verify-il3-laptop-bootstrap.git",
                            "svn_url": "https://github.com/alphagov/verify-il3-laptop-bootstrap",
                            "topics.#": "1",
                            "topics.2357015465": "verify"
                        },
                        "meta": {},
                        "tainted": false
                    },
                    "deposed": [],
                    "provider": "provider.github"
                },
                "github_team_repository.repo_team_push.0": {
                    "type": "github_team_repository",
                    "depends_on": [
                        "data.github_team.push_teams.*",
                        "github_repository.repo"
                    ],
                    "primary": {
                        "id": "2826122:verify-il3-laptop-bootstrap",
                        "attributes": {
                            "etag": "W/\"0faf006417478b2e486f6627023bc625\"",
                            "id": "2826122:verify-il3-laptop-bootstrap",
                            "permission": "push",
                            "repository": "verify-il3-laptop-bootstrap",
                            "team_id": "2826122"
                        },
                        "meta": {},
                        "tainted": false
                    },
                    "deposed": [],
                    "provider": "provider.github"
                },
                "github_team_repository.repo_team_push.1": {
                    "type": "github_team_repository",
                    "depends_on": [
                        "data.github_team.push_teams.*",
                        "github_repository.repo"
                    ],
                    "primary": {
                        "id": "2826127:verify-il3-laptop-bootstrap",
                        "attributes": {
                            "etag": "W/\"0faf006417478b2e486f6627023bc625\"",
                            "id": "2826127:verify-il3-laptop-bootstrap",
                            "permission": "push",
                            "repository": "verify-il3-laptop-bootstrap",
                            "team_id": "2826127"
                        },
                        "meta": {},
                        "tainted": false
                    },
                    "deposed": [],
                    "provider": "provider.github"
                }
            },
            "depends_on": []
        },
        {
            "path": [
                "root",
                "repo_verify_infrastructure"
            ],
            "outputs": {},
            "resources": {
                "github_branch_protection.repo_protect_master": {
                    "type": "github_branch_protection",
                    "depends_on": [
                        "github_repository.repo"
                    ],
                    "primary": {
                        "id": "verify-infrastructure:master",
                        "attributes": {
                            "branch": "master",
                            "enforce_admins": "false",
                            "etag": "W/\"b5872982a980c0e6df2ae451d6623de2\"",
                            "id": "verify-infrastructure:master",
                            "repository": "verify-infrastructure",
                            "required_pull_request_reviews.#": "1",
                            "required_pull_request_reviews.0.dismiss_stale_reviews": "true",
                            "required_pull_request_reviews.0.dismissal_teams.#": "0",
                            "required_pull_request_reviews.0.dismissal_users.#": "0",
                            "required_pull_request_reviews.0.include_admins": "false",
                            "required_pull_request_reviews.0.require_code_owner_reviews": "false",
                            "required_pull_request_reviews.0.required_approving_review_count": "2",
                            "required_status_checks.#": "0",
                            "restrictions.#": "0"
                        },
                        "meta": {},
                        "tainted": false
                    },
                    "deposed": [],
                    "provider": "provider.github"
                },
                "github_repository.repo": {
                    "type": "github_repository",
                    "depends_on": [],
                    "primary": {
                        "id": "verify-infrastructure",
                        "attributes": {
                            "allow_merge_commit": "true",
                            "allow_rebase_merge": "false",
                            "allow_squash_merge": "false",
                            "archived": "false",
                            "default_branch": "master",
                            "description": "Infrastructure code for Verify Hub ECS",
                            "etag": "W/\"914534b3780b0cb3ccc88770b894d901\"",
                            "full_name": "alphagov/verify-infrastructure",
                            "git_clone_url": "git://github.com/alphagov/verify-infrastructure.git",
                            "has_downloads": "false",
                            "has_issues": "true",
                            "has_wiki": "true",
                            "homepage_url": "",
                            "html_url": "https://github.com/alphagov/verify-infrastructure",
                            "http_clone_url": "https://github.com/alphagov/verify-infrastructure.git",
                            "id": "verify-infrastructure",
                            "name": "verify-infrastructure",
                            "private": "false",
                            "ssh_clone_url": "git@github.com:alphagov/verify-infrastructure.git",
                            "svn_url": "https://github.com/alphagov/verify-infrastructure",
                            "topics.#": "0"
                        },
                        "meta": {},
                        "tainted": false
                    },
                    "deposed": [],
                    "provider": "provider.github"
                },
                "github_team_repository.repo_team_push.0": {
                    "type": "github_team_repository",
                    "depends_on": [
                        "data.github_team.push_teams.*",
                        "github_repository.repo"
                    ],
                    "primary": {
                        "id": "2826122:verify-infrastructure",
                        "attributes": {
                            "etag": "W/\"35fd538c0eb36dbfa27a16283f75b309\"",
                            "id": "2826122:verify-infrastructure",
                            "permission": "push",
                            "repository": "verify-infrastructure",
                            "team_id": "2826122"
                        },
                        "meta": {},
                        "tainted": false
                    },
                    "deposed": [],
                    "provider": "provider.github"
                },
                "github_team_repository.repo_team_push.1": {
                    "type": "github_team_repository",
                    "depends_on": [
                        "data.github_team.push_teams.*",
                        "github_repository.repo"
                    ],
                    "primary": {
                        "id": "2826127:verify-infrastructure",
                        "attributes": {
                            "etag": "W/\"35fd538c0eb36dbfa27a16283f75b309\"",
                            "id": "2826127:verify-infrastructure",
                            "permission": "push",
                            "repository": "verify-infrastructure",
                            "team_id": "2826127"
                        },
                        "meta": {},
                        "tainted": false
                    },
                    "deposed": [],
                    "provider": "provider.github"
                }
            },
            "depends_on": []
        },
        {
            "path": [
                "root",
                "repo_verify_infrastructure_config"
            ],
            "outputs": {},
            "resources": {
                "github_branch_protection.repo_protect_master": {
                    "type": "github_branch_protection",
                    "depends_on": [
                        "github_repository.repo"
                    ],
                    "primary": {
                        "id": "verify-infrastructure-config:master",
                        "attributes": {
                            "branch": "master",
                            "enforce_admins": "false",
                            "etag": "W/\"e7a85f2e9b5d5243d2b2a8592b64b1b9\"",
                            "id": "verify-infrastructure-config:master",
                            "repository": "verify-infrastructure-config",
                            "required_pull_request_reviews.#": "1",
                            "required_pull_request_reviews.0.dismiss_stale_reviews": "true",
                            "required_pull_request_reviews.0.dismissal_teams.#": "0",
                            "required_pull_request_reviews.0.dismissal_users.#": "0",
                            "required_pull_request_reviews.0.include_admins": "false",
                            "required_pull_request_reviews.0.require_code_owner_reviews": "false",
                            "required_pull_request_reviews.0.required_approving_review_count": "2",
                            "required_status_checks.#": "0",
                            "restrictions.#": "0"
                        },
                        "meta": {},
                        "tainted": false
                    },
                    "deposed": [],
                    "provider": "provider.github"
                },
                "github_repository.repo": {
                    "type": "github_repository",
                    "depends_on": [],
                    "primary": {
                        "id": "verify-infrastructure-config",
                        "attributes": {
                            "allow_merge_commit": "true",
                            "allow_rebase_merge": "false",
                            "allow_squash_merge": "false",
                            "archived": "false",
                            "default_branch": "master",
                            "description": "ECS Hub Config (including the CI/CD pipeline)",
                            "etag": "W/\"d4b4746be0e2b7f672b730b5cd0fd8c4\"",
                            "full_name": "alphagov/verify-infrastructure-config",
                            "git_clone_url": "git://github.com/alphagov/verify-infrastructure-config.git",
                            "has_downloads": "false",
                            "has_issues": "true",
                            "has_wiki": "true",
                            "homepage_url": "",
                            "html_url": "https://github.com/alphagov/verify-infrastructure-config",
                            "http_clone_url": "https://github.com/alphagov/verify-infrastructure-config.git",
                            "id": "verify-infrastructure-config",
                            "name": "verify-infrastructure-config",
                            "private": "true",
                            "ssh_clone_url": "git@github.com:alphagov/verify-infrastructure-config.git",
                            "svn_url": "https://github.com/alphagov/verify-infrastructure-config",
                            "topics.#": "0"
                        },
                        "meta": {},
                        "tainted": false
                    },
                    "deposed": [],
                    "provider": "provider.github"
                },
                "github_team_repository.repo_team_push.0": {
                    "type": "github_team_repository",
                    "depends_on": [
                        "data.github_team.push_teams.*",
                        "github_repository.repo"
                    ],
                    "primary": {
                        "id": "2826122:verify-infrastructure-config",
                        "attributes": {
                            "etag": "W/\"42cc664ef7f8db199f4db21752ed7ea6\"",
                            "id": "2826122:verify-infrastructure-config",
                            "permission": "push",
                            "repository": "verify-infrastructure-config",
                            "team_id": "2826122"
                        },
                        "meta": {},
                        "tainted": false
                    },
                    "deposed": [],
                    "provider": "provider.github"
                },
                "github_team_repository.repo_team_push.1": {
                    "type": "github_team_repository",
                    "depends_on": [
                        "data.github_team.push_teams.*",
                        "github_repository.repo"
                    ],
                    "primary": {
                        "id": "2826127:verify-infrastructure-config",
                        "attributes": {
                            "etag": "W/\"42cc664ef7f8db199f4db21752ed7ea6\"",
                            "id": "2826127:verify-infrastructure-config",
                            "permission": "push",
                            "repository": "verify-infrastructure-config",
                            "team_id": "2826127"
                        },
                        "meta": {},
                        "tainted": false
                    },
                    "deposed": [],
                    "provider": "provider.github"
                }
            },
            "depends_on": []
        },
        {
            "path": [
                "root",
                "repo_verify_jenkins_job_builder"
            ],
            "outputs": {},
            "resources": {
                "github_branch_protection.repo_protect_master": {
                    "type": "github_branch_protection",
                    "depends_on": [],
                    "primary": {
                        "id": "verify-jenkins-job-builder:master",
                        "attributes": {
                            "branch": "master",
                            "enforce_admins": "false",
                            "etag": "W/\"96104563ab9fdbe002a7f9551f380a57\"",
                            "id": "verify-jenkins-job-builder:master",
                            "repository": "verify-jenkins-job-builder",
                            "required_pull_request_reviews.#": "1",
                            "required_pull_request_reviews.0.dismiss_stale_reviews": "true",
                            "required_pull_request_reviews.0.dismissal_teams.#": "0",
                            "required_pull_request_reviews.0.dismissal_users.#": "0",
                            "required_pull_request_reviews.0.include_admins": "false",
                            "required_pull_request_reviews.0.require_code_owner_reviews": "false",
                            "required_pull_request_reviews.0.required_approving_review_count": "2",
                            "required_status_checks.#": "0",
                            "restrictions.#": "0"
                        },
                        "meta": {},
                        "tainted": false
                    },
                    "deposed": [],
                    "provider": "provider.github"
                },
                "github_repository.repo": {
                    "type": "github_repository",
                    "depends_on": [],
                    "primary": {
                        "id": "verify-jenkins-job-builder",
                        "attributes": {
                            "allow_merge_commit": "true",
                            "allow_rebase_merge": "false",
                            "allow_squash_merge": "false",
                            "archived": "false",
                            "auto_init": "true",
                            "default_branch": "master",
                            "description": "Verify Jenkins Job Builder configuration",
                            "etag": "W/\"a3b09da5d519d7ee662eb8146bc22e7e\"",
                            "full_name": "alphagov/verify-jenkins-job-builder",
                            "git_clone_url": "git://github.com/alphagov/verify-jenkins-job-builder.git",
                            "has_downloads": "false",
                            "has_issues": "true",
                            "has_wiki": "true",
                            "homepage_url": "",
                            "html_url": "https://github.com/alphagov/verify-jenkins-job-builder",
                            "http_clone_url": "https://github.com/alphagov/verify-jenkins-job-builder.git",
                            "id": "verify-jenkins-job-builder",
                            "name": "verify-jenkins-job-builder",
                            "private": "true",
                            "ssh_clone_url": "git@github.com:alphagov/verify-jenkins-job-builder.git",
                            "svn_url": "https://github.com/alphagov/verify-jenkins-job-builder",
                            "topics.#": "1",
                            "topics.2357015465": "verify"
                        },
                        "meta": {},
                        "tainted": false
                    },
                    "deposed": [],
                    "provider": "provider.github"
                },
                "github_team_repository.repo_team_push.0": {
                    "type": "github_team_repository",
                    "depends_on": [
                        "data.github_team.push_teams.*",
                        "github_repository.repo"
                    ],
                    "primary": {
                        "id": "2826122:verify-jenkins-job-builder",
                        "attributes": {
                            "etag": "W/\"8a99b7b3769b647a68139093100b5b38\"",
                            "id": "2826122:verify-jenkins-job-builder",
                            "permission": "push",
                            "repository": "verify-jenkins-job-builder",
                            "team_id": "2826122"
                        },
                        "meta": {},
                        "tainted": false
                    },
                    "deposed": [],
                    "provider": "provider.github"
                },
                "github_team_repository.repo_team_push.1": {
                    "type": "github_team_repository",
                    "depends_on": [
                        "data.github_team.push_teams.*",
                        "github_repository.repo"
                    ],
                    "primary": {
                        "id": "2826127:verify-jenkins-job-builder",
                        "attributes": {
                            "etag": "W/\"8a99b7b3769b647a68139093100b5b38\"",
                            "id": "2826127:verify-jenkins-job-builder",
                            "permission": "push",
                            "repository": "verify-jenkins-job-builder",
                            "team_id": "2826127"
                        },
                        "meta": {},
                        "tainted": false
                    },
                    "deposed": [],
                    "provider": "provider.github"
                }
            },
            "depends_on": []
        },
        {
            "path": [
                "root",
                "repo_verify_local_matching_service_example"
            ],
            "outputs": {},
            "resources": {
                "github_branch_protection.repo_protect_master": {
                    "type": "github_branch_protection",
                    "depends_on": [],
                    "primary": {
                        "id": "verify-local-matching-service-example:master",
                        "attributes": {
                            "branch": "master",
                            "enforce_admins": "false",
                            "etag": "W/\"0e35a7e08f8bec463c030a7eac3092b7\"",
                            "id": "verify-local-matching-service-example:master",
                            "repository": "verify-local-matching-service-example",
                            "required_pull_request_reviews.#": "1",
                            "required_pull_request_reviews.0.dismiss_stale_reviews": "true",
                            "required_pull_request_reviews.0.dismissal_teams.#": "0",
                            "required_pull_request_reviews.0.dismissal_users.#": "0",
                            "required_pull_request_reviews.0.include_admins": "false",
                            "required_pull_request_reviews.0.require_code_owner_reviews": "false",
                            "required_pull_request_reviews.0.required_approving_review_count": "2",
                            "required_status_checks.#": "0",
                            "restrictions.#": "0"
                        },
                        "meta": {},
                        "tainted": false
                    },
                    "deposed": [],
                    "provider": "provider.github"
                },
                "github_repository.repo": {
                    "type": "github_repository",
                    "depends_on": [],
                    "primary": {
                        "id": "verify-local-matching-service-example",
                        "attributes": {
                            "allow_merge_commit": "true",
                            "allow_rebase_merge": "false",
                            "allow_squash_merge": "false",
                            "archived": "false",
                            "auto_init": "true",
                            "default_branch": "master",
                            "description": "",
                            "etag": "W/\"5b542a6ca7641ae90e2fb774db2fb381\"",
                            "full_name": "alphagov/verify-local-matching-service-example",
                            "git_clone_url": "git://github.com/alphagov/verify-local-matching-service-example.git",
                            "has_downloads": "false",
                            "has_issues": "true",
                            "has_wiki": "true",
                            "homepage_url": "",
                            "html_url": "https://github.com/alphagov/verify-local-matching-service-example",
                            "http_clone_url": "https://github.com/alphagov/verify-local-matching-service-example.git",
                            "id": "verify-local-matching-service-example",
                            "name": "verify-local-matching-service-example",
                            "private": "false",
                            "ssh_clone_url": "git@github.com:alphagov/verify-local-matching-service-example.git",
                            "svn_url": "https://github.com/alphagov/verify-local-matching-service-example",
                            "topics.#": "1",
                            "topics.2357015465": "verify"
                        },
                        "meta": {},
                        "tainted": false
                    },
                    "deposed": [],
                    "provider": "provider.github"
                },
                "github_team_repository.repo_team_push": {
                    "type": "github_team_repository",
                    "depends_on": [
                        "data.github_team.push_teams.*",
                        "github_repository.repo"
                    ],
                    "primary": {
                        "id": "2826122:verify-local-matching-service-example",
                        "attributes": {
                            "etag": "W/\"6612bfa1164ffe09548f56e6c2d0bd80\"",
                            "id": "2826122:verify-local-matching-service-example",
                            "permission": "push",
                            "repository": "verify-local-matching-service-example",
                            "team_id": "2826122"
                        },
                        "meta": {},
                        "tainted": false
                    },
                    "deposed": [],
                    "provider": "provider.github"
                }
            },
            "depends_on": []
        },
        {
            "path": [
                "root",
                "repo_verify_local_startup"
            ],
            "outputs": {},
            "resources": {
                "github_branch_protection.repo_protect_master": {
                    "type": "github_branch_protection",
                    "depends_on": [
                        "github_repository.repo"
                    ],
                    "primary": {
                        "id": "verify-local-startup:master",
                        "attributes": {
                            "branch": "master",
                            "enforce_admins": "false",
                            "etag": "W/\"61c68eacc06330cc665d169083dbb86c\"",
                            "id": "verify-local-startup:master",
                            "repository": "verify-local-startup",
                            "required_pull_request_reviews.#": "1",
                            "required_pull_request_reviews.0.dismiss_stale_reviews": "true",
                            "required_pull_request_reviews.0.dismissal_teams.#": "0",
                            "required_pull_request_reviews.0.dismissal_users.#": "0",
                            "required_pull_request_reviews.0.include_admins": "false",
                            "required_pull_request_reviews.0.require_code_owner_reviews": "false",
                            "required_pull_request_reviews.0.required_approving_review_count": "2",
                            "required_status_checks.#": "0",
                            "restrictions.#": "0"
                        },
                        "meta": {},
                        "tainted": false
                    },
                    "deposed": [],
                    "provider": "provider.github"
                },
                "github_repository.repo": {
                    "type": "github_repository",
                    "depends_on": [],
                    "primary": {
                        "id": "verify-local-startup",
                        "attributes": {
                            "allow_merge_commit": "true",
                            "allow_rebase_merge": "false",
                            "allow_squash_merge": "false",
                            "archived": "false",
                            "default_branch": "master",
                            "description": "Utilities to run the Verify Hub and stubs locally",
                            "etag": "W/\"868772853e07d87a758f8937d383365f\"",
                            "full_name": "alphagov/verify-local-startup",
                            "git_clone_url": "git://github.com/alphagov/verify-local-startup.git",
                            "has_downloads": "false",
                            "has_issues": "true",
                            "has_wiki": "true",
                            "homepage_url": "",
                            "html_url": "https://github.com/alphagov/verify-local-startup",
                            "http_clone_url": "https://github.com/alphagov/verify-local-startup.git",
                            "id": "verify-local-startup",
                            "name": "verify-local-startup",
                            "private": "false",
                            "ssh_clone_url": "git@github.com:alphagov/verify-local-startup.git",
                            "svn_url": "https://github.com/alphagov/verify-local-startup",
                            "topics.#": "1",
                            "topics.2357015465": "verify"
                        },
                        "meta": {},
                        "tainted": false
                    },
                    "deposed": [],
                    "provider": "provider.github"
                },
                "github_team_repository.repo_team_push": {
                    "type": "github_team_repository",
                    "depends_on": [
                        "github_repository.repo"
                    ],
                    "primary": {
                        "id": "2826122:verify-local-startup",
                        "attributes": {
                            "etag": "W/\"3afc2f0ececb744ff8512573ac8f0f9b\"",
                            "id": "2826122:verify-local-startup",
                            "permission": "push",
                            "repository": "verify-local-startup",
                            "team_id": "2826122"
                        },
                        "meta": {},
                        "tainted": false
                    },
                    "deposed": [],
                    "provider": "provider.github"
                }
            },
            "depends_on": []
        },
        {
            "path": [
                "root",
                "repo_verify_matching_service_adapter"
            ],
            "outputs": {},
            "resources": {
                "github_branch_protection.repo_protect_master": {
                    "type": "github_branch_protection",
                    "depends_on": [],
                    "primary": {
                        "id": "verify-matching-service-adapter:master",
                        "attributes": {
                            "branch": "master",
                            "enforce_admins": "false",
                            "etag": "W/\"096973090aa3df76c6b470d226c54a45\"",
                            "id": "verify-matching-service-adapter:master",
                            "repository": "verify-matching-service-adapter",
                            "required_pull_request_reviews.#": "1",
                            "required_pull_request_reviews.0.dismiss_stale_reviews": "true",
                            "required_pull_request_reviews.0.dismissal_teams.#": "0",
                            "required_pull_request_reviews.0.dismissal_users.#": "0",
                            "required_pull_request_reviews.0.include_admins": "false",
                            "required_pull_request_reviews.0.require_code_owner_reviews": "false",
                            "required_pull_request_reviews.0.required_approving_review_count": "2",
                            "required_status_checks.#": "0",
                            "restrictions.#": "0"
                        },
                        "meta": {},
                        "tainted": false
                    },
                    "deposed": [],
                    "provider": "provider.github"
                },
                "github_repository.repo": {
                    "type": "github_repository",
                    "depends_on": [],
                    "primary": {
                        "id": "verify-matching-service-adapter",
                        "attributes": {
                            "allow_merge_commit": "true",
                            "allow_rebase_merge": "false",
                            "allow_squash_merge": "false",
                            "archived": "false",
                            "auto_init": "true",
                            "default_branch": "master",
                            "description": "Verify Matching Service Adapter",
                            "etag": "W/\"9cd5bc7f17c1aab3fd1fc55ba734f70e\"",
                            "full_name": "alphagov/verify-matching-service-adapter",
                            "git_clone_url": "git://github.com/alphagov/verify-matching-service-adapter.git",
                            "has_downloads": "false",
                            "has_issues": "true",
                            "has_wiki": "true",
                            "homepage_url": "",
                            "html_url": "https://github.com/alphagov/verify-matching-service-adapter",
                            "http_clone_url": "https://github.com/alphagov/verify-matching-service-adapter.git",
                            "id": "verify-matching-service-adapter",
                            "name": "verify-matching-service-adapter",
                            "private": "false",
                            "ssh_clone_url": "git@github.com:alphagov/verify-matching-service-adapter.git",
                            "svn_url": "https://github.com/alphagov/verify-matching-service-adapter",
                            "topics.#": "1",
                            "topics.2357015465": "verify"
                        },
                        "meta": {},
                        "tainted": false
                    },
                    "deposed": [],
                    "provider": "provider.github"
                },
                "github_team_repository.repo_team_push": {
                    "type": "github_team_repository",
                    "depends_on": [
                        "data.github_team.teams.*",
                        "github_repository.repo"
                    ],
                    "primary": {
                        "id": "2826122:verify-matching-service-adapter",
                        "attributes": {
                            "etag": "W/\"c2e7f6fa098a3e907554cdb5ffb69675\"",
                            "id": "2826122:verify-matching-service-adapter",
                            "permission": "push",
                            "repository": "verify-matching-service-adapter",
                            "team_id": "2826122"
                        },
                        "meta": {},
                        "tainted": false
                    },
                    "deposed": [],
                    "provider": "provider.github"
                }
            },
            "depends_on": []
        },
        {
            "path": [
                "root",
                "repo_verify_metadata"
            ],
            "outputs": {},
            "resources": {
                "github_branch_protection.repo_protect_master": {
                    "type": "github_branch_protection",
                    "depends_on": [],
                    "primary": {
                        "id": "verify-metadata:master",
                        "attributes": {
                            "branch": "master",
                            "enforce_admins": "false",
                            "etag": "W/\"d96ecb47cc9bb79c4d741cdcb115af78\"",
                            "id": "verify-metadata:master",
                            "repository": "verify-metadata",
                            "required_pull_request_reviews.#": "1",
                            "required_pull_request_reviews.0.dismiss_stale_reviews": "true",
                            "required_pull_request_reviews.0.dismissal_teams.#": "0",
                            "required_pull_request_reviews.0.dismissal_users.#": "0",
                            "required_pull_request_reviews.0.include_admins": "false",
                            "required_pull_request_reviews.0.require_code_owner_reviews": "false",
                            "required_pull_request_reviews.0.required_approving_review_count": "2",
                            "required_status_checks.#": "0",
                            "restrictions.#": "0"
                        },
                        "meta": {},
                        "tainted": false
                    },
                    "deposed": [],
                    "provider": "provider.github"
                },
                "github_repository.repo": {
                    "type": "github_repository",
                    "depends_on": [],
                    "primary": {
                        "id": "verify-metadata",
                        "attributes": {
                            "allow_merge_commit": "true",
                            "allow_rebase_merge": "false",
                            "allow_squash_merge": "false",
                            "archived": "false",
                            "auto_init": "true",
                            "default_branch": "master",
                            "description": "Verify SAML metadata sources",
                            "etag": "W/\"4824bcb2e5e131820c8ce5bf87f21828\"",
                            "full_name": "alphagov/verify-metadata",
                            "git_clone_url": "git://github.com/alphagov/verify-metadata.git",
                            "has_downloads": "false",
                            "has_issues": "true",
                            "has_wiki": "true",
                            "homepage_url": "",
                            "html_url": "https://github.com/alphagov/verify-metadata",
                            "http_clone_url": "https://github.com/alphagov/verify-metadata.git",
                            "id": "verify-metadata",
                            "name": "verify-metadata",
                            "private": "true",
                            "ssh_clone_url": "git@github.com:alphagov/verify-metadata.git",
                            "svn_url": "https://github.com/alphagov/verify-metadata",
                            "topics.#": "1",
                            "topics.2357015465": "verify"
                        },
                        "meta": {},
                        "tainted": false
                    },
                    "deposed": [],
                    "provider": "provider.github"
                },
                "github_team_repository.repo_team_push": {
                    "type": "github_team_repository",
                    "depends_on": [
                        "data.github_team.teams.*",
                        "github_repository.repo"
                    ],
                    "primary": {
                        "id": "2826122:verify-metadata",
                        "attributes": {
                            "etag": "W/\"f36160da8e89fad276295630f05dd096\"",
                            "id": "2826122:verify-metadata",
                            "permission": "push",
                            "repository": "verify-metadata",
                            "team_id": "2826122"
                        },
                        "meta": {},
                        "tainted": false
                    },
                    "deposed": [],
                    "provider": "provider.github"
                }
            },
            "depends_on": []
        },
        {
            "path": [
                "root",
                "repo_verify_packages"
            ],
            "outputs": {},
            "resources": {
                "github_branch_protection.repo_protect_master": {
                    "type": "github_branch_protection",
                    "depends_on": [
                        "github_repository.repo"
                    ],
                    "primary": {
                        "id": "verify-packages:master",
                        "attributes": {
                            "branch": "master",
                            "enforce_admins": "false",
                            "etag": "W/\"503a8be06d6829480aace61f9d8e0a8e\"",
                            "id": "verify-packages:master",
                            "repository": "verify-packages",
                            "required_pull_request_reviews.#": "1",
                            "required_pull_request_reviews.0.dismiss_stale_reviews": "true",
                            "required_pull_request_reviews.0.dismissal_teams.#": "0",
                            "required_pull_request_reviews.0.dismissal_users.#": "0",
                            "required_pull_request_reviews.0.include_admins": "false",
                            "required_pull_request_reviews.0.require_code_owner_reviews": "false",
                            "required_pull_request_reviews.0.required_approving_review_count": "2",
                            "required_status_checks.#": "0",
                            "restrictions.#": "0"
                        },
                        "meta": {},
                        "tainted": false
                    },
                    "deposed": [],
                    "provider": "provider.github"
                },
                "github_repository.repo": {
                    "type": "github_repository",
                    "depends_on": [],
                    "primary": {
                        "id": "verify-packages",
                        "attributes": {
                            "allow_merge_commit": "true",
                            "allow_rebase_merge": "false",
                            "allow_squash_merge": "false",
                            "archived": "false",
                            "auto_init": "true",
                            "default_branch": "master",
                            "description": "Builds custom ubuntu packages used for Verify systems",
                            "etag": "W/\"fb74faaac66099bfbdaf647d4e18e483\"",
                            "full_name": "alphagov/verify-packages",
                            "git_clone_url": "git://github.com/alphagov/verify-packages.git",
                            "has_downloads": "false",
                            "has_issues": "true",
                            "has_wiki": "true",
                            "homepage_url": "",
                            "html_url": "https://github.com/alphagov/verify-packages",
                            "http_clone_url": "https://github.com/alphagov/verify-packages.git",
                            "id": "verify-packages",
                            "name": "verify-packages",
                            "private": "true",
                            "ssh_clone_url": "git@github.com:alphagov/verify-packages.git",
                            "svn_url": "https://github.com/alphagov/verify-packages",
                            "topics.#": "1",
                            "topics.2357015465": "verify"
                        },
                        "meta": {},
                        "tainted": false
                    },
                    "deposed": [],
                    "provider": "provider.github"
                },
                "github_team_repository.repo_team_push.0": {
                    "type": "github_team_repository",
                    "depends_on": [
                        "data.github_team.push_teams.*",
                        "github_repository.repo"
                    ],
                    "primary": {
                        "id": "2826122:verify-packages",
                        "attributes": {
                            "etag": "W/\"2094bb3876a35290232271c8478525cf\"",
                            "id": "2826122:verify-packages",
                            "permission": "push",
                            "repository": "verify-packages",
                            "team_id": "2826122"
                        },
                        "meta": {},
                        "tainted": false
                    },
                    "deposed": [],
                    "provider": "provider.github"
                },
                "github_team_repository.repo_team_push.1": {
                    "type": "github_team_repository",
                    "depends_on": [
                        "data.github_team.push_teams.*",
                        "github_repository.repo"
                    ],
                    "primary": {
                        "id": "2826127:verify-packages",
                        "attributes": {
                            "etag": "W/\"2094bb3876a35290232271c8478525cf\"",
                            "id": "2826127:verify-packages",
                            "permission": "push",
                            "repository": "verify-packages",
                            "team_id": "2826127"
                        },
                        "meta": {},
                        "tainted": false
                    },
                    "deposed": [],
                    "provider": "provider.github"
                }
            },
            "depends_on": []
        },
        {
            "path": [
                "root",
                "repo_verify_performance"
            ],
            "outputs": {},
            "resources": {
                "github_branch_protection.repo_protect_master": {
                    "type": "github_branch_protection",
                    "depends_on": [
                        "github_repository.repo"
                    ],
                    "primary": {
                        "id": "verify-performance:master",
                        "attributes": {
                            "branch": "master",
                            "enforce_admins": "false",
                            "etag": "W/\"551677aceae2ddb5b44d0b6d3055536d\"",
                            "id": "verify-performance:master",
                            "repository": "verify-performance",
                            "required_pull_request_reviews.#": "1",
                            "required_pull_request_reviews.0.dismiss_stale_reviews": "true",
                            "required_pull_request_reviews.0.dismissal_teams.#": "0",
                            "required_pull_request_reviews.0.dismissal_users.#": "0",
                            "required_pull_request_reviews.0.include_admins": "false",
                            "required_pull_request_reviews.0.require_code_owner_reviews": "false",
                            "required_pull_request_reviews.0.required_approving_review_count": "2",
                            "required_status_checks.#": "0",
                            "restrictions.#": "0"
                        },
                        "meta": {},
                        "tainted": false
                    },
                    "deposed": [],
                    "provider": "provider.github"
                },
                "github_repository.repo": {
                    "type": "github_repository",
                    "depends_on": [],
                    "primary": {
                        "id": "verify-performance",
                        "attributes": {
                            "allow_merge_commit": "true",
                            "allow_rebase_merge": "false",
                            "allow_squash_merge": "false",
                            "archived": "false",
                            "auto_init": "true",
                            "default_branch": "master",
                            "description": "Repo for the Verify performance and data team",
                            "etag": "W/\"4a129fcd091fdce74ffdfe26b3a2d6d1\"",
                            "full_name": "alphagov/verify-performance",
                            "git_clone_url": "git://github.com/alphagov/verify-performance.git",
                            "has_downloads": "false",
                            "has_issues": "true",
                            "has_wiki": "true",
                            "homepage_url": "",
                            "html_url": "https://github.com/alphagov/verify-performance",
                            "http_clone_url": "https://github.com/alphagov/verify-performance.git",
                            "id": "verify-performance",
                            "name": "verify-performance",
                            "private": "true",
                            "ssh_clone_url": "git@github.com:alphagov/verify-performance.git",
                            "svn_url": "https://github.com/alphagov/verify-performance",
                            "topics.#": "1",
                            "topics.2357015465": "verify"
                        },
                        "meta": {},
                        "tainted": false
                    },
                    "deposed": [],
                    "provider": "provider.github"
                },
                "github_team_repository.repo_team_push": {
                    "type": "github_team_repository",
                    "depends_on": [
                        "data.github_team.push_teams.*",
                        "github_repository.repo"
                    ],
                    "primary": {
                        "id": "2826122:verify-performance",
                        "attributes": {
                            "etag": "W/\"f58f0054cd2c7dcf3498fc449d2463a7\"",
                            "id": "2826122:verify-performance",
                            "permission": "push",
                            "repository": "verify-performance",
                            "team_id": "2826122"
                        },
                        "meta": {},
                        "tainted": false
                    },
                    "deposed": [],
                    "provider": "provider.github"
                }
            },
            "depends_on": []
        },
        {
            "path": [
                "root",
                "repo_verify_performance_scripts"
            ],
            "outputs": {},
            "resources": {
                "github_branch_protection.repo_protect_master": {
                    "type": "github_branch_protection",
                    "depends_on": [
                        "github_repository.repo"
                    ],
                    "primary": {
                        "id": "verify-performance-scripts:master",
                        "attributes": {
                            "branch": "master",
                            "enforce_admins": "false",
                            "etag": "W/\"550aeb54e60db7eb3221055ca1741e28\"",
                            "id": "verify-performance-scripts:master",
                            "repository": "verify-performance-scripts",
                            "required_pull_request_reviews.#": "1",
                            "required_pull_request_reviews.0.dismiss_stale_reviews": "true",
                            "required_pull_request_reviews.0.dismissal_teams.#": "0",
                            "required_pull_request_reviews.0.dismissal_users.#": "0",
                            "required_pull_request_reviews.0.include_admins": "false",
                            "required_pull_request_reviews.0.require_code_owner_reviews": "false",
                            "required_pull_request_reviews.0.required_approving_review_count": "2",
                            "required_status_checks.#": "0",
                            "restrictions.#": "0"
                        },
                        "meta": {},
                        "tainted": false
                    },
                    "deposed": [],
                    "provider": "provider.github"
                },
                "github_repository.repo": {
                    "type": "github_repository",
                    "depends_on": [],
                    "primary": {
                        "id": "verify-performance-scripts",
                        "attributes": {
                            "allow_merge_commit": "true",
                            "allow_rebase_merge": "false",
                            "allow_squash_merge": "false",
                            "archived": "false",
                            "auto_init": "true",
                            "default_branch": "master",
                            "description": "Scripts related to verify performance",
                            "etag": "W/\"4d61f004b9d824a62b44a32ebb54e600\"",
                            "full_name": "alphagov/verify-performance-scripts",
                            "git_clone_url": "git://github.com/alphagov/verify-performance-scripts.git",
                            "has_downloads": "false",
                            "has_issues": "true",
                            "has_wiki": "true",
                            "homepage_url": "",
                            "html_url": "https://github.com/alphagov/verify-performance-scripts",
                            "http_clone_url": "https://github.com/alphagov/verify-performance-scripts.git",
                            "id": "verify-performance-scripts",
                            "name": "verify-performance-scripts",
                            "private": "false",
                            "ssh_clone_url": "git@github.com:alphagov/verify-performance-scripts.git",
                            "svn_url": "https://github.com/alphagov/verify-performance-scripts",
                            "topics.#": "0"
                        },
                        "meta": {},
                        "tainted": false
                    },
                    "deposed": [],
                    "provider": "provider.github"
                },
                "github_team_repository.repo_team_push": {
                    "type": "github_team_repository",
                    "depends_on": [
                        "data.github_team.push_teams.*",
                        "github_repository.repo"
                    ],
                    "primary": {
                        "id": "2826122:verify-performance-scripts",
                        "attributes": {
                            "etag": "W/\"beac8ac9ba4425e4eba598a4a5eb0929\"",
                            "id": "2826122:verify-performance-scripts",
                            "permission": "push",
                            "repository": "verify-performance-scripts",
                            "team_id": "2826122"
                        },
                        "meta": {},
                        "tainted": false
                    },
                    "deposed": [],
                    "provider": "provider.github"
                }
            },
            "depends_on": []
        },
        {
            "path": [
                "root",
                "repo_verify_proxy_node"
            ],
            "outputs": {},
            "resources": {
                "github_branch_protection.repo_protect_master": {
                    "type": "github_branch_protection",
                    "depends_on": [
                        "github_repository.repo"
                    ],
                    "primary": {
                        "id": "verify-proxy-node:master",
                        "attributes": {
                            "branch": "master",
                            "enforce_admins": "false",
                            "etag": "W/\"d0e50064e32fb1b7458727f3c37883f8\"",
                            "id": "verify-proxy-node:master",
                            "repository": "verify-proxy-node",
                            "required_pull_request_reviews.#": "1",
                            "required_pull_request_reviews.0.dismiss_stale_reviews": "true",
                            "required_pull_request_reviews.0.dismissal_teams.#": "0",
                            "required_pull_request_reviews.0.dismissal_users.#": "0",
                            "required_pull_request_reviews.0.include_admins": "false",
                            "required_pull_request_reviews.0.require_code_owner_reviews": "false",
                            "required_pull_request_reviews.0.required_approving_review_count": "2",
                            "required_status_checks.#": "0",
                            "restrictions.#": "0"
                        },
                        "meta": {},
                        "tainted": false
                    },
                    "deposed": [],
                    "provider": "provider.github"
                },
                "github_repository.repo": {
                    "type": "github_repository",
                    "depends_on": [],
                    "primary": {
                        "id": "verify-proxy-node",
                        "attributes": {
                            "allow_merge_commit": "true",
                            "allow_rebase_merge": "false",
                            "allow_squash_merge": "false",
                            "archived": "false",
                            "auto_init": "true",
                            "default_branch": "master",
                            "description": "eIDAS Proxy Node",
                            "etag": "W/\"521d4cab585f86e4c25a71f95af5cd07\"",
                            "full_name": "alphagov/verify-proxy-node",
                            "git_clone_url": "git://github.com/alphagov/verify-proxy-node.git",
                            "has_downloads": "false",
                            "has_issues": "true",
                            "has_wiki": "true",
                            "homepage_url": "",
                            "html_url": "https://github.com/alphagov/verify-proxy-node",
                            "http_clone_url": "https://github.com/alphagov/verify-proxy-node.git",
                            "id": "verify-proxy-node",
                            "name": "verify-proxy-node",
                            "private": "false",
                            "ssh_clone_url": "git@github.com:alphagov/verify-proxy-node.git",
                            "svn_url": "https://github.com/alphagov/verify-proxy-node",
                            "topics.#": "0"
                        },
                        "meta": {},
                        "tainted": false
                    },
                    "deposed": [],
                    "provider": "provider.github"
                },
                "github_team_repository.repo_team_push": {
                    "type": "github_team_repository",
                    "depends_on": [
                        "data.github_team.push_teams.*",
                        "github_repository.repo"
                    ],
                    "primary": {
                        "id": "2826126:verify-proxy-node",
                        "attributes": {
                            "etag": "W/\"2db1b8278f57acb1f00511f00662ded2\"",
                            "id": "2826126:verify-proxy-node",
                            "permission": "push",
                            "repository": "verify-proxy-node",
                            "team_id": "2826126"
                        },
                        "meta": {},
                        "tainted": false
                    },
                    "deposed": [],
                    "provider": "provider.github"
                }
            },
            "depends_on": []
        },
        {
            "path": [
                "root",
                "repo_verify_proxy_node_infra"
            ],
            "outputs": {},
            "resources": {
                "github_branch_protection.repo_protect_master": {
                    "type": "github_branch_protection",
                    "depends_on": [
                        "github_repository.repo"
                    ],
                    "primary": {
                        "id": "verify-proxy-node-infra:master",
                        "attributes": {
                            "branch": "master",
                            "enforce_admins": "false",
                            "etag": "W/\"4ad0016c2c1dc3f1697e585d94e49b4b\"",
                            "id": "verify-proxy-node-infra:master",
                            "repository": "verify-proxy-node-infra",
                            "required_pull_request_reviews.#": "1",
                            "required_pull_request_reviews.0.dismiss_stale_reviews": "true",
                            "required_pull_request_reviews.0.dismissal_teams.#": "0",
                            "required_pull_request_reviews.0.dismissal_users.#": "0",
                            "required_pull_request_reviews.0.include_admins": "false",
                            "required_pull_request_reviews.0.require_code_owner_reviews": "false",
                            "required_pull_request_reviews.0.required_approving_review_count": "2",
                            "required_status_checks.#": "0",
                            "restrictions.#": "0"
                        },
                        "meta": {},
                        "tainted": false
                    },
                    "deposed": [],
                    "provider": "provider.github"
                },
                "github_repository.repo": {
                    "type": "github_repository",
                    "depends_on": [],
                    "primary": {
                        "id": "verify-proxy-node-infra",
                        "attributes": {
                            "allow_merge_commit": "true",
                            "allow_rebase_merge": "false",
                            "allow_squash_merge": "false",
                            "archived": "false",
                            "auto_init": "true",
                            "default_branch": "master",
                            "description": "Verify eIDAS Proxy Node infrastructure",
                            "etag": "W/\"a37b646381e7a7b012f219402b547a45\"",
                            "full_name": "alphagov/verify-proxy-node-infra",
                            "git_clone_url": "git://github.com/alphagov/verify-proxy-node-infra.git",
                            "has_downloads": "false",
                            "has_issues": "true",
                            "has_wiki": "true",
                            "homepage_url": "",
                            "html_url": "https://github.com/alphagov/verify-proxy-node-infra",
                            "http_clone_url": "https://github.com/alphagov/verify-proxy-node-infra.git",
                            "id": "verify-proxy-node-infra",
                            "name": "verify-proxy-node-infra",
                            "private": "true",
                            "ssh_clone_url": "git@github.com:alphagov/verify-proxy-node-infra.git",
                            "svn_url": "https://github.com/alphagov/verify-proxy-node-infra",
                            "topics.#": "0"
                        },
                        "meta": {},
                        "tainted": false
                    },
                    "deposed": [],
                    "provider": "provider.github"
                },
                "github_team_repository.repo_team_push.0": {
                    "type": "github_team_repository",
                    "depends_on": [
                        "data.github_team.push_teams.*",
                        "github_repository.repo"
                    ],
                    "primary": {
                        "id": "2826126:verify-proxy-node-infra",
                        "attributes": {
                            "etag": "W/\"56256dfbc6f759bc2407e2decea7af84\"",
                            "id": "2826126:verify-proxy-node-infra",
                            "permission": "push",
                            "repository": "verify-proxy-node-infra",
                            "team_id": "2826126"
                        },
                        "meta": {},
                        "tainted": false
                    },
                    "deposed": [],
                    "provider": "provider.github"
                },
                "github_team_repository.repo_team_push.1": {
                    "type": "github_team_repository",
                    "depends_on": [
                        "data.github_team.push_teams.*",
                        "github_repository.repo"
                    ],
                    "primary": {
                        "id": "2826127:verify-proxy-node-infra",
                        "attributes": {
                            "etag": "W/\"56256dfbc6f759bc2407e2decea7af84\"",
                            "id": "2826127:verify-proxy-node-infra",
                            "permission": "push",
                            "repository": "verify-proxy-node-infra",
                            "team_id": "2826127"
                        },
                        "meta": {},
                        "tainted": false
                    },
                    "deposed": [],
                    "provider": "provider.github"
                }
            },
            "depends_on": []
        },
        {
            "path": [
                "root",
                "repo_verify_puppet"
            ],
            "outputs": {},
            "resources": {
                "github_branch_protection.repo_protect_master": {
                    "type": "github_branch_protection",
                    "depends_on": [],
                    "primary": {
                        "id": "verify-puppet:master",
                        "attributes": {
                            "branch": "master",
                            "enforce_admins": "false",
                            "etag": "W/\"eeffeddb1b2d25d7cbcc6b0ad4110b67\"",
                            "id": "verify-puppet:master",
                            "repository": "verify-puppet",
                            "required_pull_request_reviews.#": "1",
                            "required_pull_request_reviews.0.dismiss_stale_reviews": "true",
                            "required_pull_request_reviews.0.dismissal_teams.#": "0",
                            "required_pull_request_reviews.0.dismissal_users.#": "0",
                            "required_pull_request_reviews.0.include_admins": "false",
                            "required_pull_request_reviews.0.require_code_owner_reviews": "false",
                            "required_pull_request_reviews.0.required_approving_review_count": "2",
                            "required_status_checks.#": "0",
                            "restrictions.#": "0"
                        },
                        "meta": {},
                        "tainted": false
                    },
                    "deposed": [],
                    "provider": "provider.github"
                },
                "github_repository.repo": {
                    "type": "github_repository",
                    "depends_on": [],
                    "primary": {
                        "id": "verify-puppet",
                        "attributes": {
                            "allow_merge_commit": "true",
                            "allow_rebase_merge": "false",
                            "allow_squash_merge": "false",
                            "archived": "false",
                            "auto_init": "true",
                            "default_branch": "master",
                            "description": "Puppet code for GOV.UK Verify",
                            "etag": "W/\"88ae55033c1e6fcea716996b7e566618\"",
                            "full_name": "alphagov/verify-puppet",
                            "git_clone_url": "git://github.com/alphagov/verify-puppet.git",
                            "has_downloads": "false",
                            "has_issues": "true",
                            "has_wiki": "true",
                            "homepage_url": "",
                            "html_url": "https://github.com/alphagov/verify-puppet",
                            "http_clone_url": "https://github.com/alphagov/verify-puppet.git",
                            "id": "verify-puppet",
                            "name": "verify-puppet",
                            "private": "true",
                            "ssh_clone_url": "git@github.com:alphagov/verify-puppet.git",
                            "svn_url": "https://github.com/alphagov/verify-puppet",
                            "topics.#": "1",
                            "topics.2357015465": "verify"
                        },
                        "meta": {},
                        "tainted": false
                    },
                    "deposed": [],
                    "provider": "provider.github"
                },
                "github_team_repository.repo_team_push.0": {
                    "type": "github_team_repository",
                    "depends_on": [
                        "data.github_team.push_teams.*",
                        "github_repository.repo"
                    ],
                    "primary": {
                        "id": "2826122:verify-puppet",
                        "attributes": {
                            "etag": "W/\"76b05fe23f71e6bab7930a259111e1fa\"",
                            "id": "2826122:verify-puppet",
                            "permission": "push",
                            "repository": "verify-puppet",
                            "team_id": "2826122"
                        },
                        "meta": {},
                        "tainted": false
                    },
                    "deposed": [],
                    "provider": "provider.github"
                },
                "github_team_repository.repo_team_push.1": {
                    "type": "github_team_repository",
                    "depends_on": [
                        "data.github_team.push_teams.*",
                        "github_repository.repo"
                    ],
                    "primary": {
                        "id": "2826127:verify-puppet",
                        "attributes": {
                            "etag": "W/\"76b05fe23f71e6bab7930a259111e1fa\"",
                            "id": "2826127:verify-puppet",
                            "permission": "push",
                            "repository": "verify-puppet",
                            "team_id": "2826127"
                        },
                        "meta": {},
                        "tainted": false
                    },
                    "deposed": [],
                    "provider": "provider.github"
                }
            },
            "depends_on": []
        },
        {
            "path": [
                "root",
                "repo_verify_release_automation"
            ],
            "outputs": {},
            "resources": {
                "github_branch_protection.repo_protect_master": {
                    "type": "github_branch_protection",
                    "depends_on": [],
                    "primary": {
                        "id": "verify-release-automation:master",
                        "attributes": {
                            "branch": "master",
                            "enforce_admins": "false",
                            "etag": "W/\"ea66ff6db3e1fc2f06057c0f5120c783\"",
                            "id": "verify-release-automation:master",
                            "repository": "verify-release-automation",
                            "required_pull_request_reviews.#": "1",
                            "required_pull_request_reviews.0.dismiss_stale_reviews": "true",
                            "required_pull_request_reviews.0.dismissal_teams.#": "0",
                            "required_pull_request_reviews.0.dismissal_users.#": "0",
                            "required_pull_request_reviews.0.include_admins": "false",
                            "required_pull_request_reviews.0.require_code_owner_reviews": "false",
                            "required_pull_request_reviews.0.required_approving_review_count": "2",
                            "required_status_checks.#": "0",
                            "restrictions.#": "0"
                        },
                        "meta": {},
                        "tainted": false
                    },
                    "deposed": [],
                    "provider": "provider.github"
                },
                "github_repository.repo": {
                    "type": "github_repository",
                    "depends_on": [],
                    "primary": {
                        "id": "verify-release-automation",
                        "attributes": {
                            "allow_merge_commit": "true",
                            "allow_rebase_merge": "false",
                            "allow_squash_merge": "false",
                            "archived": "false",
                            "auto_init": "true",
                            "default_branch": "master",
                            "description": "🚂 The Verify Release Train",
                            "etag": "W/\"2cc5feafa2e8d665c68b729e1289eff0\"",
                            "full_name": "alphagov/verify-release-automation",
                            "git_clone_url": "git://github.com/alphagov/verify-release-automation.git",
                            "has_downloads": "false",
                            "has_issues": "true",
                            "has_wiki": "true",
                            "homepage_url": "",
                            "html_url": "https://github.com/alphagov/verify-release-automation",
                            "http_clone_url": "https://github.com/alphagov/verify-release-automation.git",
                            "id": "verify-release-automation",
                            "name": "verify-release-automation",
                            "private": "true",
                            "ssh_clone_url": "git@github.com:alphagov/verify-release-automation.git",
                            "svn_url": "https://github.com/alphagov/verify-release-automation",
                            "topics.#": "1",
                            "topics.2357015465": "verify"
                        },
                        "meta": {},
                        "tainted": false
                    },
                    "deposed": [],
                    "provider": "provider.github"
                },
                "github_team_repository.repo_team_push": {
                    "type": "github_team_repository",
                    "depends_on": [
                        "data.github_team.push_teams.*",
                        "github_repository.repo"
                    ],
                    "primary": {
                        "id": "2826122:verify-release-automation",
                        "attributes": {
                            "etag": "W/\"00444fefc0038d650e49bf3a84594460\"",
                            "id": "2826122:verify-release-automation",
                            "permission": "push",
                            "repository": "verify-release-automation",
                            "team_id": "2826122"
                        },
                        "meta": {},
                        "tainted": false
                    },
                    "deposed": [],
                    "provider": "provider.github"
                }
            },
            "depends_on": []
        },
        {
            "path": [
                "root",
                "repo_verify_release_logs"
            ],
            "outputs": {},
            "resources": {
                "github_repository.repo": {
                    "type": "github_repository",
                    "depends_on": [],
                    "primary": {
                        "id": "verify-release-logs",
                        "attributes": {
                            "allow_merge_commit": "true",
                            "allow_rebase_merge": "false",
                            "allow_squash_merge": "false",
                            "archived": "false",
                            "default_branch": "master",
                            "description": "Logs of releases generated from the verify-release-automation tool",
                            "etag": "W/\"78ad2d41b6b54d21a40d0fa6075d6c6d\"",
                            "full_name": "alphagov/verify-release-logs",
                            "git_clone_url": "git://github.com/alphagov/verify-release-logs.git",
                            "has_downloads": "false",
                            "has_issues": "true",
                            "has_wiki": "true",
                            "homepage_url": "",
                            "html_url": "https://github.com/alphagov/verify-release-logs",
                            "http_clone_url": "https://github.com/alphagov/verify-release-logs.git",
                            "id": "verify-release-logs",
                            "name": "verify-release-logs",
                            "private": "true",
                            "ssh_clone_url": "git@github.com:alphagov/verify-release-logs.git",
                            "svn_url": "https://github.com/alphagov/verify-release-logs",
                            "topics.#": "1",
                            "topics.2357015465": "verify"
                        },
                        "meta": {},
                        "tainted": false
                    },
                    "deposed": [],
                    "provider": "provider.github"
                },
                "github_team_repository.repo_team_push": {
                    "type": "github_team_repository",
                    "depends_on": [
                        "data.github_team.push_teams.*",
                        "github_repository.repo"
                    ],
                    "primary": {
                        "id": "2826122:verify-release-logs",
                        "attributes": {
                            "etag": "W/\"f051e81246165a24e4b32a051978e8a7\"",
                            "id": "2826122:verify-release-logs",
                            "permission": "push",
                            "repository": "verify-release-logs",
                            "team_id": "2826122"
                        },
                        "meta": {},
                        "tainted": false
                    },
                    "deposed": [],
                    "provider": "provider.github"
                }
            },
            "depends_on": []
        },
        {
            "path": [
                "root",
                "repo_verify_rp_environment_config_form"
            ],
            "outputs": {},
            "resources": {
                "github_branch_protection.repo_protect_master": {
                    "type": "github_branch_protection",
                    "depends_on": [],
                    "primary": {
                        "id": "verify-rp-environment-config-form:master",
                        "attributes": {
                            "branch": "master",
                            "enforce_admins": "false",
                            "etag": "W/\"45493e46614809b215f65edf83946aa6\"",
                            "id": "verify-rp-environment-config-form:master",
                            "repository": "verify-rp-environment-config-form",
                            "required_pull_request_reviews.#": "1",
                            "required_pull_request_reviews.0.dismiss_stale_reviews": "true",
                            "required_pull_request_reviews.0.dismissal_teams.#": "0",
                            "required_pull_request_reviews.0.dismissal_users.#": "0",
                            "required_pull_request_reviews.0.include_admins": "false",
                            "required_pull_request_reviews.0.require_code_owner_reviews": "false",
                            "required_pull_request_reviews.0.required_approving_review_count": "2",
                            "required_status_checks.#": "0",
                            "restrictions.#": "0"
                        },
                        "meta": {},
                        "tainted": false
                    },
                    "deposed": [],
                    "provider": "provider.github"
                },
                "github_repository.repo": {
                    "type": "github_repository",
                    "depends_on": [],
                    "primary": {
                        "id": "verify-rp-environment-config-form",
                        "attributes": {
                            "allow_merge_commit": "true",
                            "allow_rebase_merge": "false",
                            "allow_squash_merge": "false",
                            "archived": "false",
                            "auto_init": "true",
                            "default_branch": "master",
                            "description": " :page_with_curl: The form for relying parties to provide Verify with environment configuration",
                            "etag": "W/\"33024abd697ada35875e57e5f40fb324\"",
                            "full_name": "alphagov/verify-rp-environment-config-form",
                            "git_clone_url": "git://github.com/alphagov/verify-rp-environment-config-form.git",
                            "has_downloads": "false",
                            "has_issues": "true",
                            "has_wiki": "true",
                            "homepage_url": "",
                            "html_url": "https://github.com/alphagov/verify-rp-environment-config-form",
                            "http_clone_url": "https://github.com/alphagov/verify-rp-environment-config-form.git",
                            "id": "verify-rp-environment-config-form",
                            "name": "verify-rp-environment-config-form",
                            "private": "false",
                            "ssh_clone_url": "git@github.com:alphagov/verify-rp-environment-config-form.git",
                            "svn_url": "https://github.com/alphagov/verify-rp-environment-config-form",
                            "topics.#": "1",
                            "topics.2357015465": "verify"
                        },
                        "meta": {},
                        "tainted": false
                    },
                    "deposed": [],
                    "provider": "provider.github"
                },
                "github_team_repository.repo_team_push": {
                    "type": "github_team_repository",
                    "depends_on": [
                        "data.github_team.push_teams.*",
                        "github_repository.repo"
                    ],
                    "primary": {
                        "id": "2826122:verify-rp-environment-config-form",
                        "attributes": {
                            "etag": "W/\"5a676b1c16f9dd706d6e322548da39c5\"",
                            "id": "2826122:verify-rp-environment-config-form",
                            "permission": "push",
                            "repository": "verify-rp-environment-config-form",
                            "team_id": "2826122"
                        },
                        "meta": {},
                        "tainted": false
                    },
                    "deposed": [],
                    "provider": "provider.github"
                }
            },
            "depends_on": []
        },
        {
            "path": [
                "root",
                "repo_verify_saml_libs"
            ],
            "outputs": {},
            "resources": {
                "github_branch_protection.repo_protect_master": {
                    "type": "github_branch_protection",
                    "depends_on": [],
                    "primary": {
                        "id": "verify-saml-libs:master",
                        "attributes": {
                            "branch": "master",
                            "enforce_admins": "false",
                            "etag": "W/\"c42414008432d6f247ab94d4926ddec4\"",
                            "id": "verify-saml-libs:master",
                            "repository": "verify-saml-libs",
                            "required_pull_request_reviews.#": "1",
                            "required_pull_request_reviews.0.dismiss_stale_reviews": "true",
                            "required_pull_request_reviews.0.dismissal_teams.#": "0",
                            "required_pull_request_reviews.0.dismissal_users.#": "0",
                            "required_pull_request_reviews.0.include_admins": "false",
                            "required_pull_request_reviews.0.require_code_owner_reviews": "false",
                            "required_pull_request_reviews.0.required_approving_review_count": "2",
                            "required_status_checks.#": "0",
                            "restrictions.#": "0"
                        },
                        "meta": {},
                        "tainted": false
                    },
                    "deposed": [],
                    "provider": "provider.github"
                },
                "github_repository.repo": {
                    "type": "github_repository",
                    "depends_on": [],
                    "primary": {
                        "id": "verify-saml-libs",
                        "attributes": {
                            "allow_merge_commit": "true",
                            "allow_rebase_merge": "false",
                            "allow_squash_merge": "false",
                            "archived": "false",
                            "auto_init": "true",
                            "default_branch": "master",
                            "description": "Verify SAML Libraries 📚",
                            "etag": "W/\"8bbec9c4389918bd96fc7c10989387e4\"",
                            "full_name": "alphagov/verify-saml-libs",
                            "git_clone_url": "git://github.com/alphagov/verify-saml-libs.git",
                            "has_downloads": "false",
                            "has_issues": "true",
                            "has_wiki": "true",
                            "homepage_url": "",
                            "html_url": "https://github.com/alphagov/verify-saml-libs",
                            "http_clone_url": "https://github.com/alphagov/verify-saml-libs.git",
                            "id": "verify-saml-libs",
                            "name": "verify-saml-libs",
                            "private": "false",
                            "ssh_clone_url": "git@github.com:alphagov/verify-saml-libs.git",
                            "svn_url": "https://github.com/alphagov/verify-saml-libs",
                            "topics.#": "2",
                            "topics.2357015465": "verify",
                            "topics.3280365720": "saml"
                        },
                        "meta": {},
                        "tainted": false
                    },
                    "deposed": [],
                    "provider": "provider.github"
                },
                "github_team_repository.repo_team_push": {
                    "type": "github_team_repository",
                    "depends_on": [
                        "data.github_team.teams.*",
                        "github_repository.repo"
                    ],
                    "primary": {
                        "id": "2826122:verify-saml-libs",
                        "attributes": {
                            "etag": "W/\"c9247d2b2e376e917089f63c88c15327\"",
                            "id": "2826122:verify-saml-libs",
                            "permission": "push",
                            "repository": "verify-saml-libs",
                            "team_id": "2826122"
                        },
                        "meta": {},
                        "tainted": false
                    },
                    "deposed": [],
                    "provider": "provider.github"
                }
            },
            "depends_on": []
        },
        {
            "path": [
                "root",
                "repo_verify_self_service"
            ],
            "outputs": {},
            "resources": {
                "github_branch_protection.repo_protect_master": {
                    "type": "github_branch_protection",
                    "depends_on": [
                        "github_repository.repo"
                    ],
                    "primary": {
                        "id": "verify-self-service:master",
                        "attributes": {
                            "branch": "master",
                            "enforce_admins": "false",
                            "etag": "W/\"dda3df24e1124592c319282346232752\"",
                            "id": "verify-self-service:master",
                            "repository": "verify-self-service",
                            "required_pull_request_reviews.#": "1",
                            "required_pull_request_reviews.0.dismiss_stale_reviews": "true",
                            "required_pull_request_reviews.0.dismissal_teams.#": "0",
                            "required_pull_request_reviews.0.dismissal_users.#": "0",
                            "required_pull_request_reviews.0.include_admins": "false",
                            "required_pull_request_reviews.0.require_code_owner_reviews": "false",
                            "required_pull_request_reviews.0.required_approving_review_count": "2",
                            "required_status_checks.#": "0",
                            "restrictions.#": "0"
                        },
                        "meta": {},
                        "tainted": false
                    },
                    "deposed": [],
                    "provider": "provider.github"
                },
                "github_repository.repo": {
                    "type": "github_repository",
                    "depends_on": [],
                    "primary": {
                        "id": "verify-self-service",
                        "attributes": {
                            "allow_merge_commit": "true",
                            "allow_rebase_merge": "false",
                            "allow_squash_merge": "false",
                            "archived": "false",
                            "default_branch": "master",
                            "description": "Verify self-service platform",
                            "etag": "W/\"d99a8825fde64326912e4abd0b77aa60\"",
                            "full_name": "alphagov/verify-self-service",
                            "git_clone_url": "git://github.com/alphagov/verify-self-service.git",
                            "has_downloads": "false",
                            "has_issues": "true",
                            "has_wiki": "true",
                            "homepage_url": "",
                            "html_url": "https://github.com/alphagov/verify-self-service",
                            "http_clone_url": "https://github.com/alphagov/verify-self-service.git",
                            "id": "verify-self-service",
                            "name": "verify-self-service",
                            "private": "false",
                            "ssh_clone_url": "git@github.com:alphagov/verify-self-service.git",
                            "svn_url": "https://github.com/alphagov/verify-self-service",
                            "topics.#": "1",
                            "topics.2357015465": "verify"
                        },
                        "meta": {},
                        "tainted": false
                    },
                    "deposed": [],
                    "provider": "provider.github"
                },
                "github_team_repository.repo_team_push": {
                    "type": "github_team_repository",
                    "depends_on": [
                        "data.github_team.push_teams.*",
                        "github_repository.repo"
                    ],
                    "primary": {
                        "id": "2826122:verify-self-service",
                        "attributes": {
                            "etag": "W/\"0dcb1eea8fa29f591a939dc19282cc32\"",
                            "id": "2826122:verify-self-service",
                            "permission": "push",
                            "repository": "verify-self-service",
                            "team_id": "2826122"
                        },
                        "meta": {},
                        "tainted": false
                    },
                    "deposed": [],
                    "provider": "provider.github"
                }
            },
            "depends_on": []
        },
        {
            "path": [
                "root",
                "repo_verify_self_service_infrastructure"
            ],
            "outputs": {},
            "resources": {
                "github_branch_protection.repo_protect_master": {
                    "type": "github_branch_protection",
                    "depends_on": [
                        "github_repository.repo"
                    ],
                    "primary": {
                        "id": "verify-self-service-infrastructure:master",
                        "attributes": {
                            "branch": "master",
                            "enforce_admins": "false",
                            "etag": "W/\"1c61628afbe86f3f3faaa25927b3279c\"",
                            "id": "verify-self-service-infrastructure:master",
                            "repository": "verify-self-service-infrastructure",
                            "required_pull_request_reviews.#": "1",
                            "required_pull_request_reviews.0.dismiss_stale_reviews": "true",
                            "required_pull_request_reviews.0.dismissal_teams.#": "0",
                            "required_pull_request_reviews.0.dismissal_users.#": "0",
                            "required_pull_request_reviews.0.include_admins": "false",
                            "required_pull_request_reviews.0.require_code_owner_reviews": "false",
                            "required_pull_request_reviews.0.required_approving_review_count": "2",
                            "required_status_checks.#": "0",
                            "restrictions.#": "0"
                        },
                        "meta": {},
                        "tainted": false
                    },
                    "deposed": [],
                    "provider": "provider.github"
                },
                "github_repository.repo": {
                    "type": "github_repository",
                    "depends_on": [],
                    "primary": {
                        "id": "verify-self-service-infrastructure",
                        "attributes": {
                            "allow_merge_commit": "true",
                            "allow_rebase_merge": "false",
                            "allow_squash_merge": "false",
                            "archived": "false",
                            "auto_init": "true",
                            "default_branch": "master",
                            "description": "Infrastructure and terraform files for Verify Self Service",
                            "etag": "W/\"33004846cc8f05782c7ece02cd00c65a\"",
                            "full_name": "alphagov/verify-self-service-infrastructure",
                            "git_clone_url": "git://github.com/alphagov/verify-self-service-infrastructure.git",
                            "has_downloads": "false",
                            "has_issues": "true",
                            "has_wiki": "true",
                            "homepage_url": "",
                            "html_url": "https://github.com/alphagov/verify-self-service-infrastructure",
                            "http_clone_url": "https://github.com/alphagov/verify-self-service-infrastructure.git",
                            "id": "verify-self-service-infrastructure",
                            "name": "verify-self-service-infrastructure",
                            "private": "true",
                            "ssh_clone_url": "git@github.com:alphagov/verify-self-service-infrastructure.git",
                            "svn_url": "https://github.com/alphagov/verify-self-service-infrastructure",
                            "topics.#": "0"
                        },
                        "meta": {},
                        "tainted": false
                    },
                    "deposed": [],
                    "provider": "provider.github"
                },
                "github_team_repository.repo_team_push": {
                    "type": "github_team_repository",
                    "depends_on": [
                        "github_repository.repo"
                    ],
                    "primary": {
                        "id": "2826122:verify-self-service-infrastructure",
                        "attributes": {
                            "etag": "W/\"e47c38f8ed73db02ee6005635f04d2d5\"",
                            "id": "2826122:verify-self-service-infrastructure",
                            "permission": "push",
                            "repository": "verify-self-service-infrastructure",
                            "team_id": "2826122"
                        },
                        "meta": {},
                        "tainted": false
                    },
                    "deposed": [],
                    "provider": "provider.github"
                }
            },
            "depends_on": []
        },
        {
            "path": [
                "root",
                "repo_verify_service_provider"
            ],
            "outputs": {},
            "resources": {
                "github_branch_protection.repo_protect_master": {
                    "type": "github_branch_protection",
                    "depends_on": [],
                    "primary": {
                        "id": "verify-service-provider:master",
                        "attributes": {
                            "branch": "master",
                            "enforce_admins": "false",
                            "etag": "W/\"c673a270a122908d1bb575e5cb09bc5b\"",
                            "id": "verify-service-provider:master",
                            "repository": "verify-service-provider",
                            "required_pull_request_reviews.#": "1",
                            "required_pull_request_reviews.0.dismiss_stale_reviews": "true",
                            "required_pull_request_reviews.0.dismissal_teams.#": "0",
                            "required_pull_request_reviews.0.dismissal_users.#": "0",
                            "required_pull_request_reviews.0.include_admins": "false",
                            "required_pull_request_reviews.0.require_code_owner_reviews": "false",
                            "required_pull_request_reviews.0.required_approving_review_count": "2",
                            "required_status_checks.#": "0",
                            "restrictions.#": "0"
                        },
                        "meta": {},
                        "tainted": false
                    },
                    "deposed": [],
                    "provider": "provider.github"
                },
                "github_repository.repo": {
                    "type": "github_repository",
                    "depends_on": [],
                    "primary": {
                        "id": "verify-service-provider",
                        "attributes": {
                            "allow_merge_commit": "true",
                            "allow_rebase_merge": "false",
                            "allow_squash_merge": "false",
                            "archived": "false",
                            "auto_init": "true",
                            "default_branch": "master",
                            "description": ":crown: :ballot_box_with_check: The easiest way to connect to GOV.UK Verify",
                            "etag": "W/\"178d0c41cc52d5d8de5f448a936782c1\"",
                            "full_name": "alphagov/verify-service-provider",
                            "git_clone_url": "git://github.com/alphagov/verify-service-provider.git",
                            "has_downloads": "false",
                            "has_issues": "true",
                            "has_wiki": "true",
                            "homepage_url": "",
                            "html_url": "https://github.com/alphagov/verify-service-provider",
                            "http_clone_url": "https://github.com/alphagov/verify-service-provider.git",
                            "id": "verify-service-provider",
                            "name": "verify-service-provider",
                            "private": "false",
                            "ssh_clone_url": "git@github.com:alphagov/verify-service-provider.git",
                            "svn_url": "https://github.com/alphagov/verify-service-provider",
                            "topics.#": "2",
                            "topics.2275409296": "dropwizard",
                            "topics.2357015465": "verify"
                        },
                        "meta": {},
                        "tainted": false
                    },
                    "deposed": [],
                    "provider": "provider.github"
                },
                "github_team_repository.repo_team_push": {
                    "type": "github_team_repository",
                    "depends_on": [
                        "data.github_team.push_teams.*",
                        "github_repository.repo"
                    ],
                    "primary": {
                        "id": "2826122:verify-service-provider",
                        "attributes": {
                            "etag": "W/\"e33f0e16e986162535e03025074fae64\"",
                            "id": "2826122:verify-service-provider",
                            "permission": "push",
                            "repository": "verify-service-provider",
                            "team_id": "2826122"
                        },
                        "meta": {},
                        "tainted": false
                    },
                    "deposed": [],
                    "provider": "provider.github"
                }
            },
            "depends_on": []
        },
        {
            "path": [
                "root",
                "repo_verify_stub_idp"
            ],
            "outputs": {},
            "resources": {
                "github_branch_protection.repo_protect_master": {
                    "type": "github_branch_protection",
                    "depends_on": [],
                    "primary": {
                        "id": "verify-stub-idp:master",
                        "attributes": {
                            "branch": "master",
                            "enforce_admins": "false",
                            "etag": "W/\"1ba937c20b45cf5c301599345bbb4a9d\"",
                            "id": "verify-stub-idp:master",
                            "repository": "verify-stub-idp",
                            "required_pull_request_reviews.#": "1",
                            "required_pull_request_reviews.0.dismiss_stale_reviews": "true",
                            "required_pull_request_reviews.0.dismissal_teams.#": "0",
                            "required_pull_request_reviews.0.dismissal_users.#": "0",
                            "required_pull_request_reviews.0.include_admins": "false",
                            "required_pull_request_reviews.0.require_code_owner_reviews": "false",
                            "required_pull_request_reviews.0.required_approving_review_count": "2",
                            "required_status_checks.#": "0",
                            "restrictions.#": "0"
                        },
                        "meta": {},
                        "tainted": false
                    },
                    "deposed": [],
                    "provider": "provider.github"
                },
                "github_repository.repo": {
                    "type": "github_repository",
                    "depends_on": [],
                    "primary": {
                        "id": "verify-stub-idp",
                        "attributes": {
                            "allow_merge_commit": "true",
                            "allow_rebase_merge": "false",
                            "allow_squash_merge": "false",
                            "archived": "false",
                            "auto_init": "true",
                            "default_branch": "master",
                            "description": "Stub Identity Provider and Stub eIDAS Proxy Service Node used for testing GOV.UK Verify",
                            "etag": "W/\"dcb99fc15c984865589ac19619654cca\"",
                            "full_name": "alphagov/verify-stub-idp",
                            "git_clone_url": "git://github.com/alphagov/verify-stub-idp.git",
                            "has_downloads": "false",
                            "has_issues": "true",
                            "has_wiki": "true",
                            "homepage_url": "",
                            "html_url": "https://github.com/alphagov/verify-stub-idp",
                            "http_clone_url": "https://github.com/alphagov/verify-stub-idp.git",
                            "id": "verify-stub-idp",
                            "name": "verify-stub-idp",
                            "private": "false",
                            "ssh_clone_url": "git@github.com:alphagov/verify-stub-idp.git",
                            "svn_url": "https://github.com/alphagov/verify-stub-idp",
                            "topics.#": "4",
                            "topics.2357015465": "verify",
                            "topics.3061879995": "idp",
                            "topics.687280243": "stub",
                            "topics.898705444": "eidas"
                        },
                        "meta": {},
                        "tainted": false
                    },
                    "deposed": [],
                    "provider": "provider.github"
                },
                "github_team_repository.repo_team_push": {
                    "type": "github_team_repository",
                    "depends_on": [
                        "data.github_team.teams.*",
                        "github_repository.repo"
                    ],
                    "primary": {
                        "id": "2826122:verify-stub-idp",
                        "attributes": {
                            "etag": "W/\"4edaf9691fbabf84998f2f2a55653934\"",
                            "id": "2826122:verify-stub-idp",
                            "permission": "push",
                            "repository": "verify-stub-idp",
                            "team_id": "2826122"
                        },
                        "meta": {},
                        "tainted": false
                    },
                    "deposed": [],
                    "provider": "provider.github"
                }
            },
            "depends_on": []
        },
        {
            "path": [
                "root",
                "repo_verify_stub_idp_federation_config"
            ],
            "outputs": {},
            "resources": {
                "github_branch_protection.repo_protect_master": {
                    "type": "github_branch_protection",
                    "depends_on": [
                        "github_repository.repo"
                    ],
                    "primary": {
                        "id": "verify-stub-idp-federation-config:master",
                        "attributes": {
                            "branch": "master",
                            "enforce_admins": "false",
                            "etag": "W/\"e2258022313972063c95fe3a0124cc5c\"",
                            "id": "verify-stub-idp-federation-config:master",
                            "repository": "verify-stub-idp-federation-config",
                            "required_pull_request_reviews.#": "1",
                            "required_pull_request_reviews.0.dismiss_stale_reviews": "true",
                            "required_pull_request_reviews.0.dismissal_teams.#": "0",
                            "required_pull_request_reviews.0.dismissal_users.#": "0",
                            "required_pull_request_reviews.0.include_admins": "false",
                            "required_pull_request_reviews.0.require_code_owner_reviews": "false",
                            "required_pull_request_reviews.0.required_approving_review_count": "2",
                            "required_status_checks.#": "0",
                            "restrictions.#": "0"
                        },
                        "meta": {},
                        "tainted": false
                    },
                    "deposed": [],
                    "provider": "provider.github"
                },
                "github_repository.repo": {
                    "type": "github_repository",
                    "depends_on": [],
                    "primary": {
                        "id": "verify-stub-idp-federation-config",
                        "attributes": {
                            "allow_merge_commit": "true",
                            "allow_rebase_merge": "false",
                            "allow_squash_merge": "false",
                            "archived": "false",
                            "auto_init": "true",
                            "default_branch": "master",
                            "description": "Federation config for verify-stub-idp",
                            "etag": "W/\"d4d6b8a3a9dd038f53f107ea4069fb10\"",
                            "full_name": "alphagov/verify-stub-idp-federation-config",
                            "git_clone_url": "git://github.com/alphagov/verify-stub-idp-federation-config.git",
                            "has_downloads": "false",
                            "has_issues": "true",
                            "has_wiki": "true",
                            "homepage_url": "",
                            "html_url": "https://github.com/alphagov/verify-stub-idp-federation-config",
                            "http_clone_url": "https://github.com/alphagov/verify-stub-idp-federation-config.git",
                            "id": "verify-stub-idp-federation-config",
                            "name": "verify-stub-idp-federation-config",
                            "private": "true",
                            "ssh_clone_url": "git@github.com:alphagov/verify-stub-idp-federation-config.git",
                            "svn_url": "https://github.com/alphagov/verify-stub-idp-federation-config",
                            "topics.#": "1",
                            "topics.2357015465": "verify"
                        },
                        "meta": {},
                        "tainted": false
                    },
                    "deposed": [],
                    "provider": "provider.github"
                },
                "github_team_repository.repo_team_push": {
                    "type": "github_team_repository",
                    "depends_on": [
                        "data.github_team.teams.*",
                        "github_repository.repo"
                    ],
                    "primary": {
                        "id": "2826122:verify-stub-idp-federation-config",
                        "attributes": {
                            "etag": "W/\"a1db526cb27dedc05c9cc3283b998c4d\"",
                            "id": "2826122:verify-stub-idp-federation-config",
                            "permission": "push",
                            "repository": "verify-stub-idp-federation-config",
                            "team_id": "2826122"
                        },
                        "meta": {},
                        "tainted": false
                    },
                    "deposed": [],
                    "provider": "provider.github"
                }
            },
            "depends_on": []
        },
        {
            "path": [
                "root",
                "repo_verify_support_form"
            ],
            "outputs": {},
            "resources": {
                "github_branch_protection.repo_protect_master": {
                    "type": "github_branch_protection",
                    "depends_on": [],
                    "primary": {
                        "id": "verify-support-form:master",
                        "attributes": {
                            "branch": "master",
                            "enforce_admins": "false",
                            "etag": "W/\"6c0f03613579582e6a604a8c1b3466e2\"",
                            "id": "verify-support-form:master",
                            "repository": "verify-support-form",
                            "required_pull_request_reviews.#": "1",
                            "required_pull_request_reviews.0.dismiss_stale_reviews": "true",
                            "required_pull_request_reviews.0.dismissal_teams.#": "0",
                            "required_pull_request_reviews.0.dismissal_users.#": "0",
                            "required_pull_request_reviews.0.include_admins": "false",
                            "required_pull_request_reviews.0.require_code_owner_reviews": "false",
                            "required_pull_request_reviews.0.required_approving_review_count": "2",
                            "required_status_checks.#": "0",
                            "restrictions.#": "0"
                        },
                        "meta": {},
                        "tainted": false
                    },
                    "deposed": [],
                    "provider": "provider.github"
                },
                "github_repository.repo": {
                    "type": "github_repository",
                    "depends_on": [],
                    "primary": {
                        "id": "verify-support-form",
                        "attributes": {
                            "allow_merge_commit": "true",
                            "allow_rebase_merge": "false",
                            "allow_squash_merge": "false",
                            "archived": "false",
                            "auto_init": "true",
                            "default_branch": "master",
                            "description": "Verify support form",
                            "etag": "W/\"b15cd9b16043dfcf1228a8b9d8d7abc5\"",
                            "full_name": "alphagov/verify-support-form",
                            "git_clone_url": "git://github.com/alphagov/verify-support-form.git",
                            "has_downloads": "false",
                            "has_issues": "true",
                            "has_wiki": "true",
                            "homepage_url": "",
                            "html_url": "https://github.com/alphagov/verify-support-form",
                            "http_clone_url": "https://github.com/alphagov/verify-support-form.git",
                            "id": "verify-support-form",
                            "name": "verify-support-form",
                            "private": "false",
                            "ssh_clone_url": "git@github.com:alphagov/verify-support-form.git",
                            "svn_url": "https://github.com/alphagov/verify-support-form",
                            "topics.#": "1",
                            "topics.2357015465": "verify"
                        },
                        "meta": {},
                        "tainted": false
                    },
                    "deposed": [],
                    "provider": "provider.github"
                },
                "github_team_repository.repo_team_push": {
                    "type": "github_team_repository",
                    "depends_on": [
                        "data.github_team.push_teams.*",
                        "github_repository.repo"
                    ],
                    "primary": {
                        "id": "2826122:verify-support-form",
                        "attributes": {
                            "etag": "W/\"48e28e203554914ffe107888d54c60f7\"",
                            "id": "2826122:verify-support-form",
                            "permission": "push",
                            "repository": "verify-support-form",
                            "team_id": "2826122"
                        },
                        "meta": {},
                        "tainted": false
                    },
                    "deposed": [],
                    "provider": "provider.github"
                }
            },
            "depends_on": []
        },
        {
            "path": [
                "root",
                "repo_verify_team_manual"
            ],
            "outputs": {},
            "resources": {
                "github_branch_protection.repo_protect_master": {
                    "type": "github_branch_protection",
                    "depends_on": [],
                    "primary": {
                        "id": "verify-team-manual:master",
                        "attributes": {
                            "branch": "master",
                            "enforce_admins": "false",
                            "etag": "W/\"064caaadb24552a29af1846525e7a97a\"",
                            "id": "verify-team-manual:master",
                            "repository": "verify-team-manual",
                            "required_pull_request_reviews.#": "1",
                            "required_pull_request_reviews.0.dismiss_stale_reviews": "true",
                            "required_pull_request_reviews.0.dismissal_teams.#": "0",
                            "required_pull_request_reviews.0.dismissal_users.#": "0",
                            "required_pull_request_reviews.0.include_admins": "false",
                            "required_pull_request_reviews.0.require_code_owner_reviews": "false",
                            "required_pull_request_reviews.0.required_approving_review_count": "2",
                            "required_status_checks.#": "0",
                            "restrictions.#": "0"
                        },
                        "meta": {},
                        "tainted": false
                    },
                    "deposed": [],
                    "provider": "provider.github"
                },
                "github_repository.repo": {
                    "type": "github_repository",
                    "depends_on": [],
                    "primary": {
                        "id": "verify-team-manual",
                        "attributes": {
                            "allow_merge_commit": "true",
                            "allow_rebase_merge": "false",
                            "allow_squash_merge": "false",
                            "archived": "false",
                            "auto_init": "true",
                            "default_branch": "master",
                            "description": "",
                            "etag": "W/\"563c59ceb7e6bf868d340a011815cad6\"",
                            "full_name": "alphagov/verify-team-manual",
                            "git_clone_url": "git://github.com/alphagov/verify-team-manual.git",
                            "has_downloads": "false",
                            "has_issues": "true",
                            "has_wiki": "true",
                            "homepage_url": "",
                            "html_url": "https://github.com/alphagov/verify-team-manual",
                            "http_clone_url": "https://github.com/alphagov/verify-team-manual.git",
                            "id": "verify-team-manual",
                            "name": "verify-team-manual",
                            "private": "true",
                            "ssh_clone_url": "git@github.com:alphagov/verify-team-manual.git",
                            "svn_url": "https://github.com/alphagov/verify-team-manual",
                            "topics.#": "1",
                            "topics.2357015465": "verify"
                        },
                        "meta": {},
                        "tainted": false
                    },
                    "deposed": [],
                    "provider": "provider.github"
                },
                "github_team_repository.repo_team_push.0": {
                    "type": "github_team_repository",
                    "depends_on": [
                        "data.github_team.push_teams.*",
                        "github_repository.repo"
                    ],
                    "primary": {
                        "id": "2826122:verify-team-manual",
                        "attributes": {
                            "etag": "W/\"33ec088320aa77c0ef3f3604986bacce\"",
                            "id": "2826122:verify-team-manual",
                            "permission": "push",
                            "repository": "verify-team-manual",
                            "team_id": "2826122"
                        },
                        "meta": {},
                        "tainted": false
                    },
                    "deposed": [],
                    "provider": "provider.github"
                },
                "github_team_repository.repo_team_push.1": {
                    "type": "github_team_repository",
                    "depends_on": [
                        "data.github_team.push_teams.*",
                        "github_repository.repo"
                    ],
                    "primary": {
                        "id": "2826127:verify-team-manual",
                        "attributes": {
                            "etag": "W/\"33ec088320aa77c0ef3f3604986bacce\"",
                            "id": "2826127:verify-team-manual",
                            "permission": "push",
                            "repository": "verify-team-manual",
                            "team_id": "2826127"
                        },
                        "meta": {},
                        "tainted": false
                    },
                    "deposed": [],
                    "provider": "provider.github"
                }
            },
            "depends_on": []
        },
        {
            "path": [
                "root",
                "repo_verify_tech_team"
            ],
            "outputs": {},
            "resources": {
                "github_branch_protection.repo_protect_master": {
                    "type": "github_branch_protection",
                    "depends_on": [],
                    "primary": {
                        "id": "verify-tech-team:master",
                        "attributes": {
                            "branch": "master",
                            "enforce_admins": "false",
                            "etag": "W/\"064f9849def7b23ca9fc9c15ee87db05\"",
                            "id": "verify-tech-team:master",
                            "repository": "verify-tech-team",
                            "required_pull_request_reviews.#": "1",
                            "required_pull_request_reviews.0.dismiss_stale_reviews": "true",
                            "required_pull_request_reviews.0.dismissal_teams.#": "0",
                            "required_pull_request_reviews.0.dismissal_users.#": "0",
                            "required_pull_request_reviews.0.include_admins": "false",
                            "required_pull_request_reviews.0.require_code_owner_reviews": "false",
                            "required_pull_request_reviews.0.required_approving_review_count": "2",
                            "required_status_checks.#": "0",
                            "restrictions.#": "0"
                        },
                        "meta": {},
                        "tainted": false
                    },
                    "deposed": [],
                    "provider": "provider.github"
                },
                "github_repository.repo": {
                    "type": "github_repository",
                    "depends_on": [],
                    "primary": {
                        "id": "verify-tech-team",
                        "attributes": {
                            "allow_merge_commit": "true",
                            "allow_rebase_merge": "false",
                            "allow_squash_merge": "false",
                            "archived": "false",
                            "auto_init": "true",
                            "default_branch": "master",
                            "description": "Data about Verify team members",
                            "etag": "W/\"f2cd50be7169b3212354e14e7db9ac08\"",
                            "full_name": "alphagov/verify-tech-team",
                            "git_clone_url": "git://github.com/alphagov/verify-tech-team.git",
                            "has_downloads": "false",
                            "has_issues": "true",
                            "has_wiki": "true",
                            "homepage_url": "",
                            "html_url": "https://github.com/alphagov/verify-tech-team",
                            "http_clone_url": "https://github.com/alphagov/verify-tech-team.git",
                            "id": "verify-tech-team",
                            "name": "verify-tech-team",
                            "private": "true",
                            "ssh_clone_url": "git@github.com:alphagov/verify-tech-team.git",
                            "svn_url": "https://github.com/alphagov/verify-tech-team",
                            "topics.#": "1",
                            "topics.2357015465": "verify"
                        },
                        "meta": {},
                        "tainted": false
                    },
                    "deposed": [],
                    "provider": "provider.github"
                },
                "github_team_repository.repo_team_push": {
                    "type": "github_team_repository",
                    "depends_on": [
                        "data.github_team.push_teams.*",
                        "github_repository.repo"
                    ],
                    "primary": {
                        "id": "2826122:verify-tech-team",
                        "attributes": {
                            "etag": "W/\"b8fa7944627be8d8802a2d2e4f18a1e6\"",
                            "id": "2826122:verify-tech-team",
                            "permission": "push",
                            "repository": "verify-tech-team",
                            "team_id": "2826122"
                        },
                        "meta": {},
                        "tainted": false
                    },
                    "deposed": [],
                    "provider": "provider.github"
                }
            },
            "depends_on": []
        },
        {
            "path": [
                "root",
                "repo_verify_terraform"
            ],
            "outputs": {},
            "resources": {
                "github_branch_protection.repo_protect_master": {
                    "type": "github_branch_protection",
                    "depends_on": [],
                    "primary": {
                        "id": "verify-terraform:master",
                        "attributes": {
                            "branch": "master",
                            "enforce_admins": "false",
                            "etag": "W/\"14e36689ba4950bc49e002411eeda3ba\"",
                            "id": "verify-terraform:master",
                            "repository": "verify-terraform",
                            "required_pull_request_reviews.#": "1",
                            "required_pull_request_reviews.0.dismiss_stale_reviews": "true",
                            "required_pull_request_reviews.0.dismissal_teams.#": "0",
                            "required_pull_request_reviews.0.dismissal_users.#": "0",
                            "required_pull_request_reviews.0.include_admins": "false",
                            "required_pull_request_reviews.0.require_code_owner_reviews": "false",
                            "required_pull_request_reviews.0.required_approving_review_count": "2",
                            "required_status_checks.#": "0",
                            "restrictions.#": "0"
                        },
                        "meta": {},
                        "tainted": false
                    },
                    "deposed": [],
                    "provider": "provider.github"
                },
                "github_repository.repo": {
                    "type": "github_repository",
                    "depends_on": [],
                    "primary": {
                        "id": "verify-terraform",
                        "attributes": {
                            "allow_merge_commit": "true",
                            "allow_rebase_merge": "false",
                            "allow_squash_merge": "false",
                            "archived": "false",
                            "auto_init": "true",
                            "default_branch": "master",
                            "description": "Terraform code for GOV.UK Verify infrastructure",
                            "etag": "W/\"8b300f4c67cc2dc22e761a6873066e3d\"",
                            "full_name": "alphagov/verify-terraform",
                            "git_clone_url": "git://github.com/alphagov/verify-terraform.git",
                            "has_downloads": "false",
                            "has_issues": "true",
                            "has_wiki": "true",
                            "homepage_url": "",
                            "html_url": "https://github.com/alphagov/verify-terraform",
                            "http_clone_url": "https://github.com/alphagov/verify-terraform.git",
                            "id": "verify-terraform",
                            "name": "verify-terraform",
                            "private": "true",
                            "ssh_clone_url": "git@github.com:alphagov/verify-terraform.git",
                            "svn_url": "https://github.com/alphagov/verify-terraform",
                            "topics.#": "1",
                            "topics.2357015465": "verify"
                        },
                        "meta": {},
                        "tainted": false
                    },
                    "deposed": [],
                    "provider": "provider.github"
                },
                "github_team_repository.repo_team_push.0": {
                    "type": "github_team_repository",
                    "depends_on": [
                        "data.github_team.push_teams.*",
                        "github_repository.repo"
                    ],
                    "primary": {
                        "id": "2826122:verify-terraform",
                        "attributes": {
                            "etag": "W/\"497b54630821c30784b575ecb8650242\"",
                            "id": "2826122:verify-terraform",
                            "permission": "push",
                            "repository": "verify-terraform",
                            "team_id": "2826122"
                        },
                        "meta": {},
                        "tainted": false
                    },
                    "deposed": [],
                    "provider": "provider.github"
                },
                "github_team_repository.repo_team_push.1": {
                    "type": "github_team_repository",
                    "depends_on": [
                        "data.github_team.push_teams.*",
                        "github_repository.repo"
                    ],
                    "primary": {
                        "id": "2826127:verify-terraform",
                        "attributes": {
                            "etag": "W/\"497b54630821c30784b575ecb8650242\"",
                            "id": "2826127:verify-terraform",
                            "permission": "push",
                            "repository": "verify-terraform",
                            "team_id": "2826127"
                        },
                        "meta": {},
                        "tainted": false
                    },
                    "deposed": [],
                    "provider": "provider.github"
                }
            },
            "depends_on": []
        },
        {
            "path": [
                "root",
                "repo_verify_test_repo"
            ],
            "outputs": {},
            "resources": {
                "github_branch_protection.repo_protect_master": {
                    "type": "github_branch_protection",
                    "depends_on": [],
                    "primary": {
                        "id": "verify-test-repo:master",
                        "attributes": {
                            "branch": "master",
                            "enforce_admins": "false",
                            "etag": "W/\"3ece5d31fba90ae6e584dcbec90c8e40\"",
                            "id": "verify-test-repo:master",
                            "repository": "verify-test-repo",
                            "required_pull_request_reviews.#": "1",
                            "required_pull_request_reviews.0.dismiss_stale_reviews": "true",
                            "required_pull_request_reviews.0.dismissal_teams.#": "0",
                            "required_pull_request_reviews.0.dismissal_users.#": "0",
                            "required_pull_request_reviews.0.include_admins": "false",
                            "required_pull_request_reviews.0.require_code_owner_reviews": "false",
                            "required_pull_request_reviews.0.required_approving_review_count": "2",
                            "required_status_checks.#": "0",
                            "restrictions.#": "0"
                        },
                        "meta": {},
                        "tainted": false
                    },
                    "deposed": [],
                    "provider": "provider.github"
                },
                "github_repository.repo": {
                    "type": "github_repository",
                    "depends_on": [],
                    "primary": {
                        "id": "verify-test-repo",
                        "attributes": {
                            "allow_merge_commit": "true",
                            "allow_rebase_merge": "false",
                            "allow_squash_merge": "false",
                            "archived": "false",
                            "auto_init": "true",
                            "default_branch": "master",
                            "description": "Test repo",
                            "etag": "W/\"cff2de5abbb58c095e68b9db0af7c104\"",
                            "full_name": "alphagov/verify-test-repo",
                            "git_clone_url": "git://github.com/alphagov/verify-test-repo.git",
                            "has_downloads": "false",
                            "has_issues": "true",
                            "has_wiki": "true",
                            "homepage_url": "",
                            "html_url": "https://github.com/alphagov/verify-test-repo",
                            "http_clone_url": "https://github.com/alphagov/verify-test-repo.git",
                            "id": "verify-test-repo",
                            "name": "verify-test-repo",
                            "private": "false",
                            "ssh_clone_url": "git@github.com:alphagov/verify-test-repo.git",
                            "svn_url": "https://github.com/alphagov/verify-test-repo",
                            "topics.#": "0"
                        },
                        "meta": {},
                        "tainted": false
                    },
                    "deposed": [],
                    "provider": "provider.github"
                },
                "github_team_repository.repo_team_push": {
                    "type": "github_team_repository",
                    "depends_on": [
                        "data.github_team.teams.*",
                        "github_repository.repo"
                    ],
                    "primary": {
                        "id": "2826122:verify-test-repo",
                        "attributes": {
                            "etag": "W/\"933260e1ff28dc8f6ee3e8286384531e\"",
                            "id": "2826122:verify-test-repo",
                            "permission": "push",
                            "repository": "verify-test-repo",
                            "team_id": "2826122"
                        },
                        "meta": {},
                        "tainted": false
                    },
                    "deposed": [],
                    "provider": "provider.github"
                }
            },
            "depends_on": []
        },
        {
            "path": [
                "root",
                "repo_verify_test_rp"
            ],
            "outputs": {},
            "resources": {
                "github_branch_protection.repo_protect_master": {
                    "type": "github_branch_protection",
                    "depends_on": [],
                    "primary": {
                        "id": "verify-test-rp:master",
                        "attributes": {
                            "branch": "master",
                            "enforce_admins": "false",
                            "etag": "W/\"6c8b9b5f1bd00c2b0db42bb4a0436393\"",
                            "id": "verify-test-rp:master",
                            "repository": "verify-test-rp",
                            "required_pull_request_reviews.#": "1",
                            "required_pull_request_reviews.0.dismiss_stale_reviews": "true",
                            "required_pull_request_reviews.0.dismissal_teams.#": "0",
                            "required_pull_request_reviews.0.dismissal_users.#": "0",
                            "required_pull_request_reviews.0.include_admins": "false",
                            "required_pull_request_reviews.0.require_code_owner_reviews": "false",
                            "required_pull_request_reviews.0.required_approving_review_count": "2",
                            "required_status_checks.#": "0",
                            "restrictions.#": "0"
                        },
                        "meta": {},
                        "tainted": false
                    },
                    "deposed": [],
                    "provider": "provider.github"
                },
                "github_repository.repo": {
                    "type": "github_repository",
                    "depends_on": [],
                    "primary": {
                        "id": "verify-test-rp",
                        "attributes": {
                            "allow_merge_commit": "true",
                            "allow_rebase_merge": "false",
                            "allow_squash_merge": "false",
                            "archived": "false",
                            "auto_init": "true",
                            "default_branch": "master",
                            "description": "Verify Test Relying Party",
                            "etag": "W/\"b7ec3524d54b8a02209e8c1c9becf06d\"",
                            "full_name": "alphagov/verify-test-rp",
                            "git_clone_url": "git://github.com/alphagov/verify-test-rp.git",
                            "has_downloads": "false",
                            "has_issues": "true",
                            "has_wiki": "true",
                            "homepage_url": "",
                            "html_url": "https://github.com/alphagov/verify-test-rp",
                            "http_clone_url": "https://github.com/alphagov/verify-test-rp.git",
                            "id": "verify-test-rp",
                            "name": "verify-test-rp",
                            "private": "false",
                            "ssh_clone_url": "git@github.com:alphagov/verify-test-rp.git",
                            "svn_url": "https://github.com/alphagov/verify-test-rp",
                            "topics.#": "3",
                            "topics.1785148924": "test",
                            "topics.2357015465": "verify",
                            "topics.3725491923": "relying-party"
                        },
                        "meta": {},
                        "tainted": false
                    },
                    "deposed": [],
                    "provider": "provider.github"
                },
                "github_team_repository.repo_team_push": {
                    "type": "github_team_repository",
                    "depends_on": [
                        "data.github_team.teams.*",
                        "github_repository.repo"
                    ],
                    "primary": {
                        "id": "2826122:verify-test-rp",
                        "attributes": {
                            "etag": "W/\"4d1d22aeaae237dcb8b48ad41fd44658\"",
                            "id": "2826122:verify-test-rp",
                            "permission": "push",
                            "repository": "verify-test-rp",
                            "team_id": "2826122"
                        },
                        "meta": {},
                        "tainted": false
                    },
                    "deposed": [],
                    "provider": "provider.github"
                }
            },
            "depends_on": []
        },
        {
            "path": [
                "root",
                "repo_verify_token_service"
            ],
            "outputs": {},
            "resources": {
                "github_branch_protection.repo_protect_master": {
                    "type": "github_branch_protection",
                    "depends_on": [],
                    "primary": {
                        "id": "verify-token-service:master",
                        "attributes": {
                            "branch": "master",
                            "enforce_admins": "false",
                            "etag": "W/\"8fbd9a709b6bbd3778117eb5a2ec5e94\"",
                            "id": "verify-token-service:master",
                            "repository": "verify-token-service",
                            "required_pull_request_reviews.#": "1",
                            "required_pull_request_reviews.0.dismiss_stale_reviews": "true",
                            "required_pull_request_reviews.0.dismissal_teams.#": "0",
                            "required_pull_request_reviews.0.dismissal_users.#": "0",
                            "required_pull_request_reviews.0.include_admins": "false",
                            "required_pull_request_reviews.0.require_code_owner_reviews": "false",
                            "required_pull_request_reviews.0.required_approving_review_count": "2",
                            "required_status_checks.#": "0",
                            "restrictions.#": "0"
                        },
                        "meta": {},
                        "tainted": false
                    },
                    "deposed": [],
                    "provider": "provider.github"
                },
                "github_repository.repo": {
                    "type": "github_repository",
                    "depends_on": [],
                    "primary": {
                        "id": "verify-token-service",
                        "attributes": {
                            "allow_merge_commit": "true",
                            "allow_rebase_merge": "false",
                            "allow_squash_merge": "false",
                            "archived": "true",
                            "auto_init": "true",
                            "default_branch": "master",
                            "description": "Verify Token Service",
                            "etag": "W/\"457f6b040da7a056246162468e4e15a3\"",
                            "full_name": "alphagov/verify-token-service",
                            "git_clone_url": "git://github.com/alphagov/verify-token-service.git",
                            "has_downloads": "false",
                            "has_issues": "true",
                            "has_wiki": "true",
                            "homepage_url": "",
                            "html_url": "https://github.com/alphagov/verify-token-service",
                            "http_clone_url": "https://github.com/alphagov/verify-token-service.git",
                            "id": "verify-token-service",
                            "name": "verify-token-service",
                            "private": "true",
                            "ssh_clone_url": "git@github.com:alphagov/verify-token-service.git",
                            "svn_url": "https://github.com/alphagov/verify-token-service",
                            "topics.#": "1",
                            "topics.2357015465": "verify"
                        },
                        "meta": {},
                        "tainted": false
                    },
                    "deposed": [],
                    "provider": "provider.github"
                },
                "github_team_repository.repo_team_push": {
                    "type": "github_team_repository",
                    "depends_on": [
                        "data.github_team.teams.*",
                        "github_repository.repo"
                    ],
                    "primary": {
                        "id": "2826122:verify-token-service",
                        "attributes": {
                            "etag": "W/\"2a5eb1ea1d431b2573c9e8208ac24db5\"",
                            "id": "2826122:verify-token-service",
                            "permission": "pull",
                            "repository": "verify-token-service",
                            "team_id": "2826122"
                        },
                        "meta": {},
                        "tainted": false
                    },
                    "deposed": [],
                    "provider": "provider.github"
                }
            },
            "depends_on": []
        },
        {
            "path": [
                "root",
                "repo_verify_utils_libs"
            ],
            "outputs": {},
            "resources": {
                "github_branch_protection.repo_protect_master": {
                    "type": "github_branch_protection",
                    "depends_on": [],
                    "primary": {
                        "id": "verify-utils-libs:master",
                        "attributes": {
                            "branch": "master",
                            "enforce_admins": "false",
                            "etag": "W/\"0ac56e438fc06a7e23317defcc9a25d2\"",
                            "id": "verify-utils-libs:master",
                            "repository": "verify-utils-libs",
                            "required_pull_request_reviews.#": "1",
                            "required_pull_request_reviews.0.dismiss_stale_reviews": "true",
                            "required_pull_request_reviews.0.dismissal_teams.#": "0",
                            "required_pull_request_reviews.0.dismissal_users.#": "0",
                            "required_pull_request_reviews.0.include_admins": "false",
                            "required_pull_request_reviews.0.require_code_owner_reviews": "false",
                            "required_pull_request_reviews.0.required_approving_review_count": "2",
                            "required_status_checks.#": "0",
                            "restrictions.#": "0"
                        },
                        "meta": {},
                        "tainted": false
                    },
                    "deposed": [],
                    "provider": "provider.github"
                },
                "github_repository.repo": {
                    "type": "github_repository",
                    "depends_on": [],
                    "primary": {
                        "id": "verify-utils-libs",
                        "attributes": {
                            "allow_merge_commit": "true",
                            "allow_rebase_merge": "false",
                            "allow_squash_merge": "false",
                            "archived": "false",
                            "auto_init": "true",
                            "default_branch": "master",
                            "description": "Libraries used across multiple Verify projects",
                            "etag": "W/\"7be5ef9b0d1067d21bd6f8c8a5c23041\"",
                            "full_name": "alphagov/verify-utils-libs",
                            "git_clone_url": "git://github.com/alphagov/verify-utils-libs.git",
                            "has_downloads": "false",
                            "has_issues": "true",
                            "has_wiki": "true",
                            "homepage_url": "",
                            "html_url": "https://github.com/alphagov/verify-utils-libs",
                            "http_clone_url": "https://github.com/alphagov/verify-utils-libs.git",
                            "id": "verify-utils-libs",
                            "name": "verify-utils-libs",
                            "private": "false",
                            "ssh_clone_url": "git@github.com:alphagov/verify-utils-libs.git",
                            "svn_url": "https://github.com/alphagov/verify-utils-libs",
                            "topics.#": "1",
                            "topics.2357015465": "verify"
                        },
                        "meta": {},
                        "tainted": false
                    },
                    "deposed": [],
                    "provider": "provider.github"
                },
                "github_team_repository.repo_team_push": {
                    "type": "github_team_repository",
                    "depends_on": [
                        "data.github_team.teams.*",
                        "github_repository.repo"
                    ],
                    "primary": {
                        "id": "2826122:verify-utils-libs",
                        "attributes": {
                            "etag": "W/\"19d106dbdb81cd47af26f03daa1e9c0d\"",
                            "id": "2826122:verify-utils-libs",
                            "permission": "push",
                            "repository": "verify-utils-libs",
                            "team_id": "2826122"
                        },
                        "meta": {},
                        "tainted": false
                    },
                    "deposed": [],
                    "provider": "provider.github"
                }
            },
            "depends_on": []
        }
    ]
}
