{
    "version": 3,
    "terraform_version": "0.11.13",
    "serial": 246,
    "lineage": "e05ac5fe-9a52-a058-fa84-c98012a6fa07",
    "modules": [
        {
            "path": [
                "root"
            ],
            "outputs": {},
            "resources": {
                "data.github_team.core": {
                    "type": "github_team",
                    "depends_on": [],
                    "primary": {
                        "id": "2826122",
                        "attributes": {
                            "description": "Verify tech team: verify-tech-team-core",
                            "id": "2826122",
                            "members.#": "30",
                            "members.0": "idrop",
                            "members.1": "46bit",
                            "members.10": "zilnhoj",
                            "members.11": "Todai88",
                            "members.12": "robinmitra",
                            "members.13": "brenetic",
                            "members.14": "nacnudus",
                            "members.15": "CharlesIC",
                            "members.16": "jkunle",
                            "members.17": "sakisv",
                            "members.18": "Rosa-Fox",
                            "members.19": "AnneCarr",
                            "members.2": "galund",
                            "members.20": "ida-build-bot",
                            "members.21": "chrisclayson",
                            "members.22": "blairboy362",
                            "members.23": "Wynndow",
                            "members.24": "andy-paine",
                            "members.25": "tomrosier",
                            "members.26": "bjgill",
                            "members.27": "RacingHippo",
                            "members.28": "bravegrape",
                            "members.29": "mhussein-gds",
                            "members.3": "issyl0",
                            "members.4": "mrwilson",
                            "members.5": "philandstuff",
                            "members.6": "chrisholmes",
                            "members.7": "thomasalanlee",
                            "members.8": "tlwr",
                            "members.9": "kerrr",
                            "name": "verify-tech-team-core",
                            "permission": "pull",
                            "privacy": "closed",
                            "slug": "verify-tech-team-core"
                        },
                        "meta": {},
                        "tainted": false
                    },
                    "deposed": [],
                    "provider": "provider.github"
                },
                "data.github_team.eidas": {
                    "type": "github_team",
                    "depends_on": [],
                    "primary": {
                        "id": "2826126",
                        "attributes": {
                            "description": "Verify tech team: verify-tech-team-eidas",
                            "id": "2826126",
                            "members.#": "13",
                            "members.0": "idrop",
                            "members.1": "chrisholmes",
                            "members.10": "dbes-gds",
                            "members.11": "JohnWattsGDS",
                            "members.12": "ida-codacy-bot",
                            "members.2": "thomasalanlee",
                            "members.3": "CharlesIC",
                            "members.4": "ida-build-bot",
                            "members.5": "blairboy362",
                            "members.6": "Wynndow",
                            "members.7": "tomrosier",
                            "members.8": "benjamin-mortimer",
                            "members.9": "JHjava",
                            "name": "verify-tech-team-eidas",
                            "permission": "pull",
                            "privacy": "closed",
                            "slug": "verify-tech-team-eidas"
                        },
                        "meta": {},
                        "tainted": false
                    },
                    "deposed": [],
                    "provider": "provider.github"
                },
                "data.github_team.infrastructure": {
                    "type": "github_team",
                    "depends_on": [],
                    "primary": {
                        "id": "2826127",
                        "attributes": {
                            "description": "Verify tech team: verify-tech-team-infrastructure",
                            "id": "2826127",
                            "members.#": "15",
                            "members.0": "issyl0",
                            "members.1": "philandstuff",
                            "members.10": "andy-paine",
                            "members.11": "jstandring-gds",
                            "members.12": "adityapahuja",
                            "members.13": "rhowe-gds",
                            "members.14": "szd55gds",
                            "members.2": "chrisholmes",
                            "members.3": "thomasalanlee",
                            "members.4": "mmhmm",
                            "members.5": "tlwr",
                            "members.6": "sakisv",
                            "members.7": "stephengrier",
                            "members.8": "smford",
                            "members.9": "blairboy362",
                            "name": "verify-tech-team-infrastructure",
                            "permission": "pull",
                            "privacy": "closed",
                            "slug": "verify-tech-team-infrastructure"
                        },
                        "meta": {},
                        "tainted": false
                    },
                    "deposed": [],
                    "provider": "provider.github"
                }
            },
            "depends_on": []
        },
        {
            "path": [
                "root",
                "repo_dcs_client"
            ],
            "outputs": {},
            "resources": {
                "github_branch_protection.repo_protect_master": {
                    "type": "github_branch_protection",
                    "depends_on": [],
                    "primary": {
                        "id": "dcs-client:master",
                        "attributes": {
                            "branch": "master",
                            "enforce_admins": "false",
                            "etag": "W/\"ed626ff92ee1bfa65a8c095baa177d00\"",
                            "id": "dcs-client:master",
                            "repository": "dcs-client",
                            "required_pull_request_reviews.#": "1",
                            "required_pull_request_reviews.0.dismiss_stale_reviews": "true",
                            "required_pull_request_reviews.0.dismissal_teams.#": "0",
                            "required_pull_request_reviews.0.dismissal_users.#": "0",
                            "required_pull_request_reviews.0.include_admins": "false",
                            "required_pull_request_reviews.0.require_code_owner_reviews": "false",
                            "required_pull_request_reviews.0.required_approving_review_count": "2",
                            "required_status_checks.#": "0",
                            "restrictions.#": "0"
                        },
                        "meta": {},
                        "tainted": false
                    },
                    "deposed": [],
                    "provider": "provider.github"
                },
                "github_repository.repo": {
                    "type": "github_repository",
                    "depends_on": [],
                    "primary": {
                        "id": "dcs-client",
                        "attributes": {
                            "allow_merge_commit": "true",
                            "allow_rebase_merge": "false",
                            "allow_squash_merge": "false",
                            "archived": "false",
                            "auto_init": "true",
                            "default_branch": "master",
                            "description": "A client for the Document Checking Service",
                            "etag": "W/\"4976f31585e2dc804287f788fd5c4a0f\"",
                            "full_name": "alphagov/dcs-client",
                            "git_clone_url": "git://github.com/alphagov/dcs-client.git",
                            "has_downloads": "false",
                            "has_issues": "true",
                            "has_wiki": "true",
                            "homepage_url": "",
                            "html_url": "https://github.com/alphagov/dcs-client",
                            "http_clone_url": "https://github.com/alphagov/dcs-client.git",
                            "id": "dcs-client",
                            "name": "dcs-client",
                            "private": "false",
                            "ssh_clone_url": "git@github.com:alphagov/dcs-client.git",
                            "svn_url": "https://github.com/alphagov/dcs-client",
                            "topics.#": "2",
                            "topics.1787300128": "dcs",
                            "topics.2357015465": "verify"
                        },
                        "meta": {},
                        "tainted": false
                    },
                    "deposed": [],
                    "provider": "provider.github"
                },
                "github_team_repository.repo_team_push": {
                    "type": "github_team_repository",
                    "depends_on": [
                        "data.github_team.push_teams.*",
                        "github_repository.repo"
                    ],
                    "primary": {
                        "id": "2826122:dcs-client",
                        "attributes": {
                            "etag": "W/\"865206f8fc50decce2e676dcae9dc41f\"",
                            "id": "2826122:dcs-client",
                            "permission": "push",
                            "repository": "dcs-client",
                            "team_id": "2826122"
                        },
                        "meta": {},
                        "tainted": false
                    },
                    "deposed": [],
                    "provider": "provider.github"
                }
            },
            "depends_on": []
        },
        {
            "path": [
                "root",
                "repo_dcs_client_acceptance_tests"
            ],
            "outputs": {},
            "resources": {
                "github_branch_protection.repo_protect_master": {
                    "type": "github_branch_protection",
                    "depends_on": [],
                    "primary": {
                        "id": "dcs-client-acceptance-tests:master",
                        "attributes": {
                            "branch": "master",
                            "enforce_admins": "false",
                            "etag": "W/\"ec84f261b23fe8dabb8611f836d7ba69\"",
                            "id": "dcs-client-acceptance-tests:master",
                            "repository": "dcs-client-acceptance-tests",
                            "required_pull_request_reviews.#": "1",
                            "required_pull_request_reviews.0.dismiss_stale_reviews": "true",
                            "required_pull_request_reviews.0.dismissal_teams.#": "0",
                            "required_pull_request_reviews.0.dismissal_users.#": "0",
                            "required_pull_request_reviews.0.include_admins": "false",
                            "required_pull_request_reviews.0.require_code_owner_reviews": "false",
                            "required_pull_request_reviews.0.required_approving_review_count": "2",
                            "required_status_checks.#": "0",
                            "restrictions.#": "0"
                        },
                        "meta": {},
                        "tainted": false
                    },
                    "deposed": [],
                    "provider": "provider.github"
                },
                "github_repository.repo": {
                    "type": "github_repository",
                    "depends_on": [],
                    "primary": {
                        "id": "dcs-client-acceptance-tests",
                        "attributes": {
                            "allow_merge_commit": "true",
                            "allow_rebase_merge": "false",
                            "allow_squash_merge": "false",
                            "archived": "false",
                            "auto_init": "true",
                            "default_branch": "master",
                            "description": "Acceptance tests for the DCS client - https://github.com/alphagov/dcs-client",
                            "etag": "W/\"011212c34aa3fdfc8367ad71e2d15f3d\"",
                            "full_name": "alphagov/dcs-client-acceptance-tests",
                            "git_clone_url": "git://github.com/alphagov/dcs-client-acceptance-tests.git",
                            "has_downloads": "false",
                            "has_issues": "true",
                            "has_wiki": "true",
                            "homepage_url": "",
                            "html_url": "https://github.com/alphagov/dcs-client-acceptance-tests",
                            "http_clone_url": "https://github.com/alphagov/dcs-client-acceptance-tests.git",
                            "id": "dcs-client-acceptance-tests",
                            "name": "dcs-client-acceptance-tests",
                            "private": "true",
                            "ssh_clone_url": "git@github.com:alphagov/dcs-client-acceptance-tests.git",
                            "svn_url": "https://github.com/alphagov/dcs-client-acceptance-tests",
                            "topics.#": "1",
                            "topics.2357015465": "verify"
                        },
                        "meta": {},
                        "tainted": false
                    },
                    "deposed": [],
                    "provider": "provider.github"
                },
                "github_team_repository.repo_team_push": {
                    "type": "github_team_repository",
                    "depends_on": [
                        "data.github_team.push_teams.*",
                        "github_repository.repo"
                    ],
                    "primary": {
                        "id": "2826122:dcs-client-acceptance-tests",
                        "attributes": {
                            "etag": "W/\"98166f5704a6ba71d29496322ceaf86f\"",
                            "id": "2826122:dcs-client-acceptance-tests",
                            "permission": "push",
                            "repository": "dcs-client-acceptance-tests",
                            "team_id": "2826122"
                        },
                        "meta": {},
                        "tainted": false
                    },
                    "deposed": [],
                    "provider": "provider.github"
                }
            },
            "depends_on": []
        },
        {
            "path": [
                "root",
                "repo_dcs_performance_tests"
            ],
            "outputs": {},
            "resources": {
                "github_branch_protection.repo_protect_master": {
                    "type": "github_branch_protection",
                    "depends_on": [],
                    "primary": {
                        "id": "dcs-performance-tests:master",
                        "attributes": {
                            "branch": "master",
                            "enforce_admins": "false",
                            "etag": "W/\"e362942e4a026834141dc088b0485a42\"",
                            "id": "dcs-performance-tests:master",
                            "repository": "dcs-performance-tests",
                            "required_pull_request_reviews.#": "1",
                            "required_pull_request_reviews.0.dismiss_stale_reviews": "true",
                            "required_pull_request_reviews.0.dismissal_teams.#": "0",
                            "required_pull_request_reviews.0.dismissal_users.#": "0",
                            "required_pull_request_reviews.0.include_admins": "false",
                            "required_pull_request_reviews.0.require_code_owner_reviews": "false",
                            "required_pull_request_reviews.0.required_approving_review_count": "2",
                            "required_status_checks.#": "0",
                            "restrictions.#": "0"
                        },
                        "meta": {},
                        "tainted": false
                    },
                    "deposed": [],
                    "provider": "provider.github"
                },
                "github_repository.repo": {
                    "type": "github_repository",
                    "depends_on": [],
                    "primary": {
                        "id": "dcs-performance-tests",
                        "attributes": {
                            "allow_merge_commit": "true",
                            "allow_rebase_merge": "false",
                            "allow_squash_merge": "false",
                            "archived": "false",
                            "auto_init": "true",
                            "default_branch": "master",
                            "description": "Verify DCS Performance Tests",
                            "etag": "W/\"7ac5d4f9904e8f6dd9a0ea3383b6c0d0\"",
                            "full_name": "alphagov/dcs-performance-tests",
                            "git_clone_url": "git://github.com/alphagov/dcs-performance-tests.git",
                            "has_downloads": "false",
                            "has_issues": "true",
                            "has_wiki": "true",
                            "homepage_url": "",
                            "html_url": "https://github.com/alphagov/dcs-performance-tests",
                            "http_clone_url": "https://github.com/alphagov/dcs-performance-tests.git",
                            "id": "dcs-performance-tests",
                            "name": "dcs-performance-tests",
                            "private": "true",
                            "ssh_clone_url": "git@github.com:alphagov/dcs-performance-tests.git",
                            "svn_url": "https://github.com/alphagov/dcs-performance-tests",
                            "topics.#": "1",
                            "topics.2357015465": "verify"
                        },
                        "meta": {},
                        "tainted": false
                    },
                    "deposed": [],
                    "provider": "provider.github"
                },
                "github_team_repository.repo_team_push": {
                    "type": "github_team_repository",
                    "depends_on": [
                        "data.github_team.push_teams.*",
                        "github_repository.repo"
                    ],
                    "primary": {
                        "id": "2826122:dcs-performance-tests",
                        "attributes": {
                            "etag": "W/\"4283a8ca29f854a264d638a39d24409b\"",
                            "id": "2826122:dcs-performance-tests",
                            "permission": "push",
                            "repository": "dcs-performance-tests",
                            "team_id": "2826122"
                        },
                        "meta": {},
                        "tainted": false
                    },
                    "deposed": [],
                    "provider": "provider.github"
                }
            },
            "depends_on": []
        },
        {
            "path": [
                "root",
                "repo_doc_checking"
            ],
            "outputs": {},
            "resources": {
                "github_branch_protection.repo_protect_master": {
                    "type": "github_branch_protection",
                    "depends_on": [],
                    "primary": {
                        "id": "doc-checking:master",
                        "attributes": {
                            "branch": "master",
                            "enforce_admins": "false",
                            "etag": "W/\"86f4d12fa3a52b34b632a1b3a5a2e4ac\"",
                            "id": "doc-checking:master",
                            "repository": "doc-checking",
                            "required_pull_request_reviews.#": "1",
                            "required_pull_request_reviews.0.dismiss_stale_reviews": "true",
                            "required_pull_request_reviews.0.dismissal_teams.#": "0",
                            "required_pull_request_reviews.0.dismissal_users.#": "0",
                            "required_pull_request_reviews.0.include_admins": "false",
                            "required_pull_request_reviews.0.require_code_owner_reviews": "false",
                            "required_pull_request_reviews.0.required_approving_review_count": "2",
                            "required_status_checks.#": "0",
                            "restrictions.#": "0"
                        },
                        "meta": {},
                        "tainted": false
                    },
                    "deposed": [],
                    "provider": "provider.github"
                },
                "github_repository.repo": {
                    "type": "github_repository",
                    "depends_on": [],
                    "primary": {
                        "id": "doc-checking",
                        "attributes": {
                            "allow_merge_commit": "true",
                            "allow_rebase_merge": "false",
                            "allow_squash_merge": "false",
                            "archived": "false",
                            "auto_init": "true",
                            "default_branch": "master",
                            "description": "Verify Document Checking Service",
                            "etag": "W/\"b37d209b91e5e0b301006256d5b4385d\"",
                            "full_name": "alphagov/doc-checking",
                            "git_clone_url": "git://github.com/alphagov/doc-checking.git",
                            "has_downloads": "false",
                            "has_issues": "true",
                            "has_wiki": "true",
                            "homepage_url": "",
                            "html_url": "https://github.com/alphagov/doc-checking",
                            "http_clone_url": "https://github.com/alphagov/doc-checking.git",
                            "id": "doc-checking",
                            "name": "doc-checking",
                            "private": "true",
                            "ssh_clone_url": "git@github.com:alphagov/doc-checking.git",
                            "svn_url": "https://github.com/alphagov/doc-checking",
                            "topics.#": "1",
                            "topics.2357015465": "verify"
                        },
                        "meta": {},
                        "tainted": false
                    },
                    "deposed": [],
                    "provider": "provider.github"
                },
                "github_team_repository.repo_team_push": {
                    "type": "github_team_repository",
                    "depends_on": [
                        "data.github_team.push_teams.*",
                        "github_repository.repo"
                    ],
                    "primary": {
                        "id": "2826122:doc-checking",
                        "attributes": {
                            "etag": "W/\"48981312c81c71fde23c0672f49ffa35\"",
                            "id": "2826122:doc-checking",
                            "permission": "push",
                            "repository": "doc-checking",
                            "team_id": "2826122"
                        },
                        "meta": {},
                        "tainted": false
                    },
                    "deposed": [],
                    "provider": "provider.github"
                }
            },
            "depends_on": []
        },
        {
            "path": [
                "root",
                "repo_ida_compliance_tool"
            ],
            "outputs": {},
            "resources": {
                "github_branch_protection.repo_protect_master": {
                    "type": "github_branch_protection",
                    "depends_on": [
                        "github_repository.repo"
                    ],
                    "primary": {
                        "id": "ida-compliance-tool:master",
                        "attributes": {
                            "branch": "master",
                            "enforce_admins": "false",
                            "etag": "W/\"f9598d2adb6b9d6be63e4fa4bc04dad2\"",
                            "id": "ida-compliance-tool:master",
                            "repository": "ida-compliance-tool",
                            "required_pull_request_reviews.#": "1",
                            "required_pull_request_reviews.0.dismiss_stale_reviews": "true",
                            "required_pull_request_reviews.0.dismissal_teams.#": "0",
                            "required_pull_request_reviews.0.dismissal_users.#": "0",
                            "required_pull_request_reviews.0.include_admins": "false",
                            "required_pull_request_reviews.0.require_code_owner_reviews": "false",
                            "required_pull_request_reviews.0.required_approving_review_count": "2",
                            "required_status_checks.#": "0",
                            "restrictions.#": "0"
                        },
                        "meta": {},
                        "tainted": false
                    },
                    "deposed": [],
                    "provider": "provider.github"
                },
                "github_repository.repo": {
                    "type": "github_repository",
                    "depends_on": [],
                    "primary": {
                        "id": "ida-compliance-tool",
                        "attributes": {
                            "allow_merge_commit": "true",
                            "allow_rebase_merge": "false",
                            "allow_squash_merge": "false",
                            "archived": "false",
                            "auto_init": "true",
                            "default_branch": "master",
                            "description": "Verify Compliance Tool (temporary)",
                            "etag": "W/\"f5bca177e91e0aa2f5792cd7c31cf4be\"",
                            "full_name": "alphagov/ida-compliance-tool",
                            "git_clone_url": "git://github.com/alphagov/ida-compliance-tool.git",
                            "has_downloads": "false",
                            "has_issues": "true",
                            "has_wiki": "true",
                            "homepage_url": "",
                            "html_url": "https://github.com/alphagov/ida-compliance-tool",
                            "http_clone_url": "https://github.com/alphagov/ida-compliance-tool.git",
                            "id": "ida-compliance-tool",
                            "name": "ida-compliance-tool",
                            "private": "true",
                            "ssh_clone_url": "git@github.com:alphagov/ida-compliance-tool.git",
                            "svn_url": "https://github.com/alphagov/ida-compliance-tool",
                            "topics.#": "1",
                            "topics.2357015465": "verify"
                        },
                        "meta": {},
                        "tainted": false
                    },
                    "deposed": [],
                    "provider": "provider.github"
                },
                "github_team_repository.repo_team_push": {
                    "type": "github_team_repository",
                    "depends_on": [
                        "data.github_team.teams.*",
                        "github_repository.repo"
                    ],
                    "primary": {
                        "id": "2826122:ida-compliance-tool",
                        "attributes": {
                            "etag": "W/\"2f5fce36ad867caf71f6707f4ff66a01\"",
                            "id": "2826122:ida-compliance-tool",
                            "permission": "push",
                            "repository": "ida-compliance-tool",
                            "team_id": "2826122"
                        },
                        "meta": {},
                        "tainted": false
                    },
                    "deposed": [],
                    "provider": "provider.github"
                }
            },
            "depends_on": []
        },
        {
            "path": [
                "root",
                "repo_ida_hub_acceptance_tests"
            ],
            "outputs": {},
            "resources": {
                "github_branch_protection.repo_protect_master": {
                    "type": "github_branch_protection",
                    "depends_on": [
                        "github_repository.repo"
                    ],
                    "primary": {
                        "id": "ida-hub-acceptance-tests:master",
                        "attributes": {
                            "branch": "master",
                            "enforce_admins": "false",
                            "etag": "W/\"f0ffbe117fcf258fb59f46e420de50bb\"",
                            "id": "ida-hub-acceptance-tests:master",
                            "repository": "ida-hub-acceptance-tests",
                            "required_pull_request_reviews.#": "1",
                            "required_pull_request_reviews.0.dismiss_stale_reviews": "true",
                            "required_pull_request_reviews.0.dismissal_teams.#": "0",
                            "required_pull_request_reviews.0.dismissal_users.#": "0",
                            "required_pull_request_reviews.0.include_admins": "false",
                            "required_pull_request_reviews.0.require_code_owner_reviews": "false",
                            "required_pull_request_reviews.0.required_approving_review_count": "2",
                            "required_status_checks.#": "0",
                            "restrictions.#": "0"
                        },
                        "meta": {},
                        "tainted": false
                    },
                    "deposed": [],
                    "provider": "provider.github"
                },
                "github_repository.repo": {
                    "type": "github_repository",
                    "depends_on": [],
                    "primary": {
                        "id": "ida-hub-acceptance-tests",
                        "attributes": {
                            "allow_merge_commit": "true",
                            "allow_rebase_merge": "false",
                            "allow_squash_merge": "false",
                            "archived": "false",
                            "auto_init": "true",
                            "default_branch": "master",
                            "description": "Verify Hub acceptance tests (temporary)",
                            "etag": "W/\"47c63e1471d416c73c66d41816b24533\"",
                            "full_name": "alphagov/ida-hub-acceptance-tests",
                            "git_clone_url": "git://github.com/alphagov/ida-hub-acceptance-tests.git",
                            "has_downloads": "false",
                            "has_issues": "true",
                            "has_wiki": "true",
                            "homepage_url": "",
                            "html_url": "https://github.com/alphagov/ida-hub-acceptance-tests",
                            "http_clone_url": "https://github.com/alphagov/ida-hub-acceptance-tests.git",
                            "id": "ida-hub-acceptance-tests",
                            "name": "ida-hub-acceptance-tests",
                            "private": "true",
                            "ssh_clone_url": "git@github.com:alphagov/ida-hub-acceptance-tests.git",
                            "svn_url": "https://github.com/alphagov/ida-hub-acceptance-tests",
                            "topics.#": "1",
                            "topics.2357015465": "verify"
                        },
                        "meta": {},
                        "tainted": false
                    },
                    "deposed": [],
                    "provider": "provider.github"
                },
                "github_team_repository.repo_team_push": {
                    "type": "github_team_repository",
                    "depends_on": [
                        "data.github_team.teams.*",
                        "github_repository.repo"
                    ],
                    "primary": {
                        "id": "2826122:ida-hub-acceptance-tests",
                        "attributes": {
                            "etag": "W/\"d4d3cf51ac0b98bdfa9971801a06284f\"",
                            "id": "2826122:ida-hub-acceptance-tests",
                            "permission": "push",
                            "repository": "ida-hub-acceptance-tests",
                            "team_id": "2826122"
                        },
                        "meta": {},
                        "tainted": false
                    },
                    "deposed": [],
                    "provider": "provider.github"
                }
            },
            "depends_on": []
        },
        {
            "path": [
                "root",
                "repo_ida_hub_support"
            ],
            "outputs": {},
            "resources": {
                "github_branch_protection.repo_protect_master": {
                    "type": "github_branch_protection",
                    "depends_on": [],
                    "primary": {
                        "id": "ida-hub-support:master",
                        "attributes": {
                            "branch": "master",
                            "enforce_admins": "false",
                            "etag": "W/\"1763061976c1dcc7a39a14c3242f98c3\"",
                            "id": "ida-hub-support:master",
                            "repository": "ida-hub-support",
                            "required_pull_request_reviews.#": "1",
                            "required_pull_request_reviews.0.dismiss_stale_reviews": "true",
                            "required_pull_request_reviews.0.dismissal_teams.#": "0",
                            "required_pull_request_reviews.0.dismissal_users.#": "0",
                            "required_pull_request_reviews.0.include_admins": "false",
                            "required_pull_request_reviews.0.require_code_owner_reviews": "false",
                            "required_pull_request_reviews.0.required_approving_review_count": "2",
                            "required_status_checks.#": "0",
                            "restrictions.#": "0"
                        },
                        "meta": {},
                        "tainted": false
                    },
                    "deposed": [],
                    "provider": "provider.github"
                },
                "github_repository.repo": {
                    "type": "github_repository",
                    "depends_on": [],
                    "primary": {
                        "id": "ida-hub-support",
                        "attributes": {
                            "allow_merge_commit": "true",
                            "allow_rebase_merge": "false",
                            "allow_squash_merge": "false",
                            "archived": "true",
                            "auto_init": "true",
                            "default_branch": "master",
                            "description": "Verify Hub Support services (temporary)",
                            "etag": "W/\"ecc7a873597440c2bce47873dff19e34\"",
                            "full_name": "alphagov/ida-hub-support",
                            "git_clone_url": "git://github.com/alphagov/ida-hub-support.git",
                            "has_downloads": "false",
                            "has_issues": "true",
                            "has_wiki": "true",
                            "homepage_url": "",
                            "html_url": "https://github.com/alphagov/ida-hub-support",
                            "http_clone_url": "https://github.com/alphagov/ida-hub-support.git",
                            "id": "ida-hub-support",
                            "name": "ida-hub-support",
                            "private": "true",
                            "ssh_clone_url": "git@github.com:alphagov/ida-hub-support.git",
                            "svn_url": "https://github.com/alphagov/ida-hub-support",
                            "topics.#": "1",
                            "topics.2357015465": "verify"
                        },
                        "meta": {},
                        "tainted": false
                    },
                    "deposed": [],
                    "provider": "provider.github"
                },
                "github_team_repository.repo_team_push": {
                    "type": "github_team_repository",
                    "depends_on": [
                        "data.github_team.teams.*",
                        "github_repository.repo"
                    ],
                    "primary": {
                        "id": "2826122:ida-hub-support",
                        "attributes": {
                            "etag": "W/\"ceb8e530b2d98c8c848681b06f6bbf9d\"",
                            "id": "2826122:ida-hub-support",
                            "permission": "pull",
                            "repository": "ida-hub-support",
                            "team_id": "2826122"
                        },
                        "meta": {},
                        "tainted": false
                    },
                    "deposed": [],
                    "provider": "provider.github"
                }
            },
            "depends_on": []
        },
        {
            "path": [
                "root",
                "repo_metadata_checker"
            ],
            "outputs": {},
            "resources": {
                "github_branch_protection.repo_protect_master": {
                    "type": "github_branch_protection",
                    "depends_on": [
                        "github_repository.repo"
                    ],
                    "primary": {
                        "id": "metadata-checker:master",
                        "attributes": {
                            "branch": "master",
                            "enforce_admins": "false",
                            "etag": "W/\"1265135c9de2cddbe71c2457f6276f6c\"",
                            "id": "metadata-checker:master",
                            "repository": "metadata-checker",
                            "required_pull_request_reviews.#": "1",
                            "required_pull_request_reviews.0.dismiss_stale_reviews": "true",
                            "required_pull_request_reviews.0.dismissal_teams.#": "0",
                            "required_pull_request_reviews.0.dismissal_users.#": "0",
                            "required_pull_request_reviews.0.include_admins": "false",
                            "required_pull_request_reviews.0.require_code_owner_reviews": "false",
                            "required_pull_request_reviews.0.required_approving_review_count": "2",
                            "required_status_checks.#": "0",
                            "restrictions.#": "0"
                        },
                        "meta": {},
                        "tainted": false
                    },
                    "deposed": [],
                    "provider": "provider.github"
                },
                "github_repository.repo": {
                    "type": "github_repository",
                    "depends_on": [],
                    "primary": {
                        "id": "metadata-checker",
                        "attributes": {
                            "allow_merge_commit": "true",
                            "allow_rebase_merge": "false",
                            "allow_squash_merge": "false",
                            "archived": "false",
                            "default_branch": "master",
                            "description": "Tools for parsing and monitoring SAML metadata",
                            "etag": "W/\"0cc7c7a7c2026ab98b4f2983550a2619\"",
                            "full_name": "alphagov/metadata-checker",
                            "git_clone_url": "git://github.com/alphagov/metadata-checker.git",
                            "has_downloads": "false",
                            "has_issues": "true",
                            "has_wiki": "true",
                            "homepage_url": "",
                            "html_url": "https://github.com/alphagov/metadata-checker",
                            "http_clone_url": "https://github.com/alphagov/metadata-checker.git",
                            "id": "metadata-checker",
                            "name": "metadata-checker",
                            "private": "false",
                            "ssh_clone_url": "git@github.com:alphagov/metadata-checker.git",
                            "svn_url": "https://github.com/alphagov/metadata-checker",
                            "topics.#": "1",
                            "topics.2357015465": "verify"
                        },
                        "meta": {},
                        "tainted": false
                    },
                    "deposed": [],
                    "provider": "provider.github"
                },
                "github_team_repository.repo_team_push.0": {
                    "type": "github_team_repository",
                    "depends_on": [
                        "data.github_team.push_teams.*",
                        "github_repository.repo"
                    ],
                    "primary": {
                        "id": "2826122:metadata-checker",
                        "attributes": {
                            "etag": "W/\"7f06257cc19c37b9e038be51fbfd1a2e\"",
                            "id": "2826122:metadata-checker",
                            "permission": "push",
                            "repository": "metadata-checker",
                            "team_id": "2826122"
                        },
                        "meta": {},
                        "tainted": false
                    },
                    "deposed": [],
                    "provider": "provider.github"
                },
                "github_team_repository.repo_team_push.1": {
                    "type": "github_team_repository",
                    "depends_on": [
                        "data.github_team.push_teams.*",
                        "github_repository.repo"
                    ],
                    "primary": {
                        "id": "2826127:metadata-checker",
                        "attributes": {
                            "etag": "W/\"7f06257cc19c37b9e038be51fbfd1a2e\"",
                            "id": "2826127:metadata-checker",
                            "permission": "push",
                            "repository": "metadata-checker",
                            "team_id": "2826127"
                        },
                        "meta": {},
                        "tainted": false
                    },
                    "deposed": [],
                    "provider": "provider.github"
                }
            },
            "depends_on": []
        },
        {
            "path": [
                "root",
                "repo_passport_verify"
            ],
            "outputs": {},
            "resources": {
                "github_branch_protection.repo_protect_master": {
                    "type": "github_branch_protection",
                    "depends_on": [],
                    "primary": {
                        "id": "passport-verify:master",
                        "attributes": {
                            "branch": "master",
                            "enforce_admins": "false",
                            "etag": "W/\"d0b4003d8d7514037efbdad38769d390\"",
                            "id": "passport-verify:master",
                            "repository": "passport-verify",
                            "required_pull_request_reviews.#": "1",
                            "required_pull_request_reviews.0.dismiss_stale_reviews": "true",
                            "required_pull_request_reviews.0.dismissal_teams.#": "0",
                            "required_pull_request_reviews.0.dismissal_users.#": "0",
                            "required_pull_request_reviews.0.include_admins": "false",
                            "required_pull_request_reviews.0.require_code_owner_reviews": "false",
                            "required_pull_request_reviews.0.required_approving_review_count": "2",
                            "required_status_checks.#": "0",
                            "restrictions.#": "0"
                        },
                        "meta": {},
                        "tainted": false
                    },
                    "deposed": [],
                    "provider": "provider.github"
                },
                "github_repository.repo": {
                    "type": "github_repository",
                    "depends_on": [],
                    "primary": {
                        "id": "passport-verify",
                        "attributes": {
                            "allow_merge_commit": "true",
                            "allow_rebase_merge": "false",
                            "allow_squash_merge": "false",
                            "archived": "false",
                            "auto_init": "true",
                            "default_branch": "master",
                            "description": ":passport_control: :crown: :ballot_box_with_check: A passport.js strategy for GOV.UK Verify",
                            "etag": "W/\"803f50db9ef5ca470e147526a53fd8a1\"",
                            "full_name": "alphagov/passport-verify",
                            "git_clone_url": "git://github.com/alphagov/passport-verify.git",
                            "has_downloads": "false",
                            "has_issues": "true",
                            "has_wiki": "true",
                            "homepage_url": "",
                            "html_url": "https://github.com/alphagov/passport-verify",
                            "http_clone_url": "https://github.com/alphagov/passport-verify.git",
                            "id": "passport-verify",
                            "name": "passport-verify",
                            "private": "false",
                            "ssh_clone_url": "git@github.com:alphagov/passport-verify.git",
                            "svn_url": "https://github.com/alphagov/passport-verify",
                            "topics.#": "1",
                            "topics.2357015465": "verify"
                        },
                        "meta": {},
                        "tainted": false
                    },
                    "deposed": [],
                    "provider": "provider.github"
                },
                "github_team_repository.repo_team_push": {
                    "type": "github_team_repository",
                    "depends_on": [
                        "data.github_team.push_teams.*",
                        "github_repository.repo"
                    ],
                    "primary": {
                        "id": "2826122:passport-verify",
                        "attributes": {
                            "etag": "W/\"955c8fe4d8b1be97baf9a3b475641c67\"",
                            "id": "2826122:passport-verify",
                            "permission": "push",
                            "repository": "passport-verify",
                            "team_id": "2826122"
                        },
                        "meta": {},
                        "tainted": false
                    },
                    "deposed": [],
                    "provider": "provider.github"
                }
            },
            "depends_on": []
        },
        {
            "path": [
                "root",
                "repo_passport_verify_stub_relying_party"
            ],
            "outputs": {},
            "resources": {
                "github_branch_protection.repo_protect_master": {
                    "type": "github_branch_protection",
                    "depends_on": [],
                    "primary": {
                        "id": "passport-verify-stub-relying-party:master",
                        "attributes": {
                            "branch": "master",
                            "enforce_admins": "false",
                            "etag": "W/\"2baa47475dcb74d36effd94cd2309e31\"",
                            "id": "passport-verify-stub-relying-party:master",
                            "repository": "passport-verify-stub-relying-party",
                            "required_pull_request_reviews.#": "1",
                            "required_pull_request_reviews.0.dismiss_stale_reviews": "true",
                            "required_pull_request_reviews.0.dismissal_teams.#": "0",
                            "required_pull_request_reviews.0.dismissal_users.#": "0",
                            "required_pull_request_reviews.0.include_admins": "false",
                            "required_pull_request_reviews.0.require_code_owner_reviews": "false",
                            "required_pull_request_reviews.0.required_approving_review_count": "2",
                            "required_status_checks.#": "0",
                            "restrictions.#": "0"
                        },
                        "meta": {},
                        "tainted": false
                    },
                    "deposed": [],
                    "provider": "provider.github"
                },
                "github_repository.repo": {
                    "type": "github_repository",
                    "depends_on": [],
                    "primary": {
                        "id": "passport-verify-stub-relying-party",
                        "attributes": {
                            "allow_merge_commit": "true",
                            "allow_rebase_merge": "false",
                            "allow_squash_merge": "false",
                            "archived": "false",
                            "auto_init": "true",
                            "default_branch": "master",
                            "description": "Stub Relying party that integrates with Verify using the passport-verify library",
                            "etag": "W/\"d514f1b8d82c227755c47d2bc9eb60ca\"",
                            "full_name": "alphagov/passport-verify-stub-relying-party",
                            "git_clone_url": "git://github.com/alphagov/passport-verify-stub-relying-party.git",
                            "has_downloads": "false",
                            "has_issues": "true",
                            "has_wiki": "true",
                            "homepage_url": "",
                            "html_url": "https://github.com/alphagov/passport-verify-stub-relying-party",
                            "http_clone_url": "https://github.com/alphagov/passport-verify-stub-relying-party.git",
                            "id": "passport-verify-stub-relying-party",
                            "name": "passport-verify-stub-relying-party",
                            "private": "false",
                            "ssh_clone_url": "git@github.com:alphagov/passport-verify-stub-relying-party.git",
                            "svn_url": "https://github.com/alphagov/passport-verify-stub-relying-party",
                            "topics.#": "1",
                            "topics.2357015465": "verify"
                        },
                        "meta": {},
                        "tainted": false
                    },
                    "deposed": [],
                    "provider": "provider.github"
                },
                "github_team_repository.repo_team_push": {
                    "type": "github_team_repository",
                    "depends_on": [
                        "data.github_team.push_teams.*",
                        "github_repository.repo"
                    ],
                    "primary": {
                        "id": "2826122:passport-verify-stub-relying-party",
                        "attributes": {
                            "etag": "W/\"81468f287338cc886b4a57fbfd105893\"",
                            "id": "2826122:passport-verify-stub-relying-party",
                            "permission": "push",
                            "repository": "passport-verify-stub-relying-party",
                            "team_id": "2826122"
                        },
                        "meta": {},
                        "tainted": false
                    },
                    "deposed": [],
                    "provider": "provider.github"
                }
            },
            "depends_on": []
        },
        {
            "path": [
                "root",
                "repo_splunk_library_javalogging"
            ],
            "outputs": {},
            "resources": {
                "github_branch_protection.repo_protect_master": {
                    "type": "github_branch_protection",
                    "depends_on": [
                        "github_repository.repo"
                    ],
                    "primary": {
                        "id": "splunk-library-javalogging:master",
                        "attributes": {
                            "branch": "master",
                            "enforce_admins": "false",
                            "etag": "W/\"1816ff86ff49db8ccda56216a7beb078\"",
                            "id": "splunk-library-javalogging:master",
                            "repository": "splunk-library-javalogging",
                            "required_pull_request_reviews.#": "1",
                            "required_pull_request_reviews.0.dismiss_stale_reviews": "true",
                            "required_pull_request_reviews.0.dismissal_teams.#": "0",
                            "required_pull_request_reviews.0.dismissal_users.#": "0",
                            "required_pull_request_reviews.0.include_admins": "false",
                            "required_pull_request_reviews.0.require_code_owner_reviews": "false",
                            "required_pull_request_reviews.0.required_approving_review_count": "2",
                            "required_status_checks.#": "0",
                            "restrictions.#": "0"
                        },
                        "meta": {},
                        "tainted": false
                    },
                    "deposed": [],
                    "provider": "provider.github"
                },
                "github_repository.repo": {
                    "type": "github_repository",
                    "depends_on": [],
                    "primary": {
                        "id": "splunk-library-javalogging",
                        "attributes": {
                            "allow_merge_commit": "true",
                            "allow_rebase_merge": "false",
                            "allow_squash_merge": "false",
                            "archived": "false",
                            "auto_init": "false",
                            "default_branch": "master",
                            "description": "",
                            "etag": "W/\"3cc737a92e1ccf5bf6ac64bd031bc8cb\"",
                            "full_name": "alphagov/splunk-library-javalogging",
                            "git_clone_url": "git://github.com/alphagov/splunk-library-javalogging.git",
                            "has_downloads": "false",
                            "has_issues": "true",
                            "has_wiki": "true",
                            "homepage_url": "",
                            "html_url": "https://github.com/alphagov/splunk-library-javalogging",
                            "http_clone_url": "https://github.com/alphagov/splunk-library-javalogging.git",
                            "id": "splunk-library-javalogging",
                            "name": "splunk-library-javalogging",
                            "private": "false",
                            "ssh_clone_url": "git@github.com:alphagov/splunk-library-javalogging.git",
                            "svn_url": "https://github.com/alphagov/splunk-library-javalogging",
                            "topics.#": "0"
                        },
                        "meta": {},
                        "tainted": false
                    },
                    "deposed": [],
                    "provider": "provider.github"
                },
                "github_team_repository.repo_team_push": {
                    "type": "github_team_repository",
                    "depends_on": [
                        "github_repository.repo"
                    ],
                    "primary": {
                        "id": "2826122:splunk-library-javalogging",
                        "attributes": {
                            "etag": "W/\"dbc0b52fe0e4f84d6f5342ecc247edc0\"",
                            "id": "2826122:splunk-library-javalogging",
                            "permission": "push",
                            "repository": "splunk-library-javalogging",
                            "team_id": "2826122"
                        },
                        "meta": {},
                        "tainted": false
                    },
                    "deposed": [],
                    "provider": "provider.github"
                }
            },
            "depends_on": []
        },
        {
            "path": [
                "root",
                "repo_verify_acceptance_tests"
            ],
            "outputs": {},
            "resources": {
                "github_branch_protection.repo_protect_master": {
                    "type": "github_branch_protection",
                    "depends_on": [
                        "github_repository.repo"
                    ],
                    "primary": {
                        "id": "verify-acceptance-tests:master",
                        "attributes": {
                            "branch": "master",
                            "enforce_admins": "false",
                            "etag": "W/\"a8b3c3af63396f4e922146825c246693\"",
                            "id": "verify-acceptance-tests:master",
                            "repository": "verify-acceptance-tests",
                            "required_pull_request_reviews.#": "1",
                            "required_pull_request_reviews.0.dismiss_stale_reviews": "true",
                            "required_pull_request_reviews.0.dismissal_teams.#": "0",
                            "required_pull_request_reviews.0.dismissal_users.#": "0",
                            "required_pull_request_reviews.0.include_admins": "false",
                            "required_pull_request_reviews.0.require_code_owner_reviews": "false",
                            "required_pull_request_reviews.0.required_approving_review_count": "2",
                            "required_status_checks.#": "0",
                            "restrictions.#": "0"
                        },
                        "meta": {},
                        "tainted": false
                    },
                    "deposed": [],
                    "provider": "provider.github"
                },
                "github_repository.repo": {
                    "type": "github_repository",
                    "depends_on": [],
                    "primary": {
                        "id": "verify-acceptance-tests",
                        "attributes": {
                            "allow_merge_commit": "true",
                            "allow_rebase_merge": "false",
                            "allow_squash_merge": "false",
                            "archived": "false",
                            "auto_init": "true",
                            "default_branch": "master",
                            "description": "End-to-end tests for the Verify Hub",
                            "etag": "W/\"cc5b5942b1e1f685c459fbfee07c6b54\"",
                            "full_name": "alphagov/verify-acceptance-tests",
                            "git_clone_url": "git://github.com/alphagov/verify-acceptance-tests.git",
                            "has_downloads": "false",
                            "has_issues": "true",
                            "has_wiki": "true",
                            "homepage_url": "",
                            "html_url": "https://github.com/alphagov/verify-acceptance-tests",
                            "http_clone_url": "https://github.com/alphagov/verify-acceptance-tests.git",
                            "id": "verify-acceptance-tests",
                            "name": "verify-acceptance-tests",
                            "private": "false",
                            "ssh_clone_url": "git@github.com:alphagov/verify-acceptance-tests.git",
                            "svn_url": "https://github.com/alphagov/verify-acceptance-tests",
                            "topics.#": "1",
                            "topics.2357015465": "verify"
                        },
                        "meta": {},
                        "tainted": false
                    },
                    "deposed": [],
                    "provider": "provider.github"
                },
                "github_team_repository.repo_team_push": {
                    "type": "github_team_repository",
                    "depends_on": [
                        "data.github_team.teams.*",
                        "github_repository.repo"
                    ],
                    "primary": {
                        "id": "2826122:verify-acceptance-tests",
                        "attributes": {
                            "etag": "W/\"7ede765845e07c82a972f3e5e5a0f1ca\"",
                            "id": "2826122:verify-acceptance-tests",
                            "permission": "push",
                            "repository": "verify-acceptance-tests",
                            "team_id": "2826122"
                        },
                        "meta": {},
                        "tainted": false
                    },
                    "deposed": [],
                    "provider": "provider.github"
                }
            },
            "depends_on": []
        },
        {
            "path": [
                "root",
                "repo_verify_ansible"
            ],
            "outputs": {},
            "resources": {
                "github_branch_protection.repo_protect_master": {
                    "type": "github_branch_protection",
                    "depends_on": [],
                    "primary": {
                        "id": "verify-ansible:master",
                        "attributes": {
                            "branch": "master",
                            "enforce_admins": "false",
                            "etag": "W/\"ee9227cf47152a964d95c27b91006aa1\"",
                            "id": "verify-ansible:master",
                            "repository": "verify-ansible",
                            "required_pull_request_reviews.#": "1",
                            "required_pull_request_reviews.0.dismiss_stale_reviews": "true",
                            "required_pull_request_reviews.0.dismissal_teams.#": "0",
                            "required_pull_request_reviews.0.dismissal_users.#": "0",
                            "required_pull_request_reviews.0.include_admins": "false",
                            "required_pull_request_reviews.0.require_code_owner_reviews": "false",
                            "required_pull_request_reviews.0.required_approving_review_count": "2",
                            "required_status_checks.#": "0",
                            "restrictions.#": "0"
                        },
                        "meta": {},
                        "tainted": false
                    },
                    "deposed": [],
                    "provider": "provider.github"
                },
                "github_repository.repo": {
                    "type": "github_repository",
                    "depends_on": [],
                    "primary": {
                        "id": "verify-ansible",
                        "attributes": {
                            "allow_merge_commit": "true",
                            "allow_rebase_merge": "false",
                            "allow_squash_merge": "false",
                            "archived": "false",
                            "auto_init": "true",
                            "default_branch": "master",
                            "description": " Ansible for Verify ops ",
                            "etag": "W/\"a89ff1eaf2097b7b40b4170e2c9a4d65\"",
                            "full_name": "alphagov/verify-ansible",
                            "git_clone_url": "git://github.com/alphagov/verify-ansible.git",
                            "has_downloads": "false",
                            "has_issues": "true",
                            "has_wiki": "true",
                            "homepage_url": "",
                            "html_url": "https://github.com/alphagov/verify-ansible",
                            "http_clone_url": "https://github.com/alphagov/verify-ansible.git",
                            "id": "verify-ansible",
                            "name": "verify-ansible",
                            "private": "true",
                            "ssh_clone_url": "git@github.com:alphagov/verify-ansible.git",
                            "svn_url": "https://github.com/alphagov/verify-ansible",
                            "topics.#": "1",
                            "topics.2357015465": "verify"
                        },
                        "meta": {},
                        "tainted": false
                    },
                    "deposed": [],
                    "provider": "provider.github"
                },
                "github_team_repository.repo_team_push.0": {
                    "type": "github_team_repository",
                    "depends_on": [
                        "data.github_team.push_teams.*",
                        "github_repository.repo"
                    ],
                    "primary": {
                        "id": "2826122:verify-ansible",
                        "attributes": {
                            "etag": "W/\"06e483714c887bb89722197ba7340515\"",
                            "id": "2826122:verify-ansible",
                            "permission": "push",
                            "repository": "verify-ansible",
                            "team_id": "2826122"
                        },
                        "meta": {},
                        "tainted": false
                    },
                    "deposed": [],
                    "provider": "provider.github"
                },
                "github_team_repository.repo_team_push.1": {
                    "type": "github_team_repository",
                    "depends_on": [
                        "data.github_team.push_teams.*",
                        "github_repository.repo"
                    ],
                    "primary": {
                        "id": "2826127:verify-ansible",
                        "attributes": {
                            "etag": "W/\"06e483714c887bb89722197ba7340515\"",
                            "id": "2826127:verify-ansible",
                            "permission": "push",
                            "repository": "verify-ansible",
                            "team_id": "2826127"
                        },
                        "meta": {},
                        "tainted": false
                    },
                    "deposed": [],
                    "provider": "provider.github"
                }
            },
            "depends_on": []
        },
        {
            "path": [
                "root",
                "repo_verify_architecture"
            ],
            "outputs": {},
            "resources": {
                "github_branch_protection.repo_protect_master": {
                    "type": "github_branch_protection",
                    "depends_on": [
                        "github_repository.repo"
                    ],
                    "primary": {
                        "id": "verify-architecture:master",
                        "attributes": {
                            "branch": "master",
                            "enforce_admins": "false",
                            "etag": "W/\"b11ecd574fbe537882e6103112f33b36\"",
                            "id": "verify-architecture:master",
                            "repository": "verify-architecture",
                            "required_pull_request_reviews.#": "1",
                            "required_pull_request_reviews.0.dismiss_stale_reviews": "true",
                            "required_pull_request_reviews.0.dismissal_teams.#": "0",
                            "required_pull_request_reviews.0.dismissal_users.#": "0",
                            "required_pull_request_reviews.0.include_admins": "false",
                            "required_pull_request_reviews.0.require_code_owner_reviews": "false",
                            "required_pull_request_reviews.0.required_approving_review_count": "2",
                            "required_status_checks.#": "0",
                            "restrictions.#": "0"
                        },
                        "meta": {},
                        "tainted": false
                    },
                    "deposed": [],
                    "provider": "provider.github"
                },
                "github_repository.repo": {
                    "type": "github_repository",
                    "depends_on": [],
                    "primary": {
                        "id": "verify-architecture",
                        "attributes": {
                            "allow_merge_commit": "true",
                            "allow_rebase_merge": "false",
                            "allow_squash_merge": "false",
                            "archived": "false",
                            "auto_init": "true",
                            "default_branch": "master",
                            "description": "Contains architectural documentation",
                            "etag": "W/\"ea7641cdfe1adc9d98a01bc24f3a4170\"",
                            "full_name": "alphagov/verify-architecture",
                            "git_clone_url": "git://github.com/alphagov/verify-architecture.git",
                            "has_downloads": "false",
                            "has_issues": "true",
                            "has_wiki": "true",
                            "homepage_url": "",
                            "html_url": "https://github.com/alphagov/verify-architecture",
                            "http_clone_url": "https://github.com/alphagov/verify-architecture.git",
                            "id": "verify-architecture",
                            "name": "verify-architecture",
                            "private": "true",
                            "ssh_clone_url": "git@github.com:alphagov/verify-architecture.git",
                            "svn_url": "https://github.com/alphagov/verify-architecture",
                            "topics.#": "1",
                            "topics.2357015465": "verify"
                        },
                        "meta": {},
                        "tainted": false
                    },
                    "deposed": [],
                    "provider": "provider.github"
                },
                "github_team_repository.repo_team_push": {
                    "type": "github_team_repository",
                    "depends_on": [
                        "data.github_team.push_teams.*",
                        "github_repository.repo"
                    ],
                    "primary": {
                        "id": "2826122:verify-architecture",
                        "attributes": {
                            "etag": "W/\"ee640c32fc7c6cb80c87b98f4285e797\"",
                            "id": "2826122:verify-architecture",
                            "permission": "push",
                            "repository": "verify-architecture",
                            "team_id": "2826122"
                        },
                        "meta": {},
                        "tainted": false
                    },
                    "deposed": [],
                    "provider": "provider.github"
                }
            },
            "depends_on": []
        },
        {
            "path": [
                "root",
                "repo_verify_blackbox_passwords"
            ],
            "outputs": {},
            "resources": {
                "github_repository.repo": {
                    "type": "github_repository",
                    "depends_on": [],
                    "primary": {
                        "id": "verify-blackbox-passwords",
                        "attributes": {
                            "allow_merge_commit": "true",
                            "allow_rebase_merge": "false",
                            "allow_squash_merge": "false",
                            "archived": "false",
                            "default_branch": "master",
                            "description": "Securely stored credentials for Verify",
                            "etag": "W/\"a917a5243a4db89a789ecefc4d0b0261\"",
                            "full_name": "alphagov/verify-blackbox-passwords",
                            "git_clone_url": "git://github.com/alphagov/verify-blackbox-passwords.git",
                            "has_downloads": "false",
                            "has_issues": "true",
                            "has_wiki": "true",
                            "homepage_url": "",
                            "html_url": "https://github.com/alphagov/verify-blackbox-passwords",
                            "http_clone_url": "https://github.com/alphagov/verify-blackbox-passwords.git",
                            "id": "verify-blackbox-passwords",
                            "name": "verify-blackbox-passwords",
                            "private": "true",
                            "ssh_clone_url": "git@github.com:alphagov/verify-blackbox-passwords.git",
                            "svn_url": "https://github.com/alphagov/verify-blackbox-passwords",
                            "topics.#": "1",
                            "topics.2357015465": "verify"
                        },
                        "meta": {},
                        "tainted": false
                    },
                    "deposed": [],
                    "provider": "provider.github"
                },
                "github_team_repository.repo_team_push.0": {
                    "type": "github_team_repository",
                    "depends_on": [
                        "data.github_team.push_teams.*",
                        "github_repository.repo"
                    ],
                    "primary": {
                        "id": "2826122:verify-blackbox-passwords",
                        "attributes": {
                            "etag": "W/\"4bb5df7a5aee0c87d78a34a8af90ec0f\"",
                            "id": "2826122:verify-blackbox-passwords",
                            "permission": "push",
                            "repository": "verify-blackbox-passwords",
                            "team_id": "2826122"
                        },
                        "meta": {},
                        "tainted": false
                    },
                    "deposed": [],
                    "provider": "provider.github"
                },
                "github_team_repository.repo_team_push.1": {
                    "type": "github_team_repository",
                    "depends_on": [
                        "data.github_team.push_teams.*",
                        "github_repository.repo"
                    ],
                    "primary": {
                        "id": "2826127:verify-blackbox-passwords",
                        "attributes": {
                            "etag": "W/\"4bb5df7a5aee0c87d78a34a8af90ec0f\"",
                            "id": "2826127:verify-blackbox-passwords",
                            "permission": "push",
                            "repository": "verify-blackbox-passwords",
                            "team_id": "2826127"
                        },
                        "meta": {},
                        "tainted": false
                    },
                    "deposed": [],
                    "provider": "provider.github"
                }
            },
            "depends_on": []
        },
        {
            "path": [
                "root",
                "repo_verify_boxes"
            ],
            "outputs": {},
            "resources": {
                "github_branch_protection.repo_protect_master": {
                    "type": "github_branch_protection",
                    "depends_on": [],
                    "primary": {
                        "id": "verify-boxes:master",
                        "attributes": {
                            "branch": "master",
                            "enforce_admins": "false",
                            "etag": "W/\"8b98fd65ad6d1206f5cd55d5c3e5b084\"",
                            "id": "verify-boxes:master",
                            "repository": "verify-boxes",
                            "required_pull_request_reviews.#": "1",
                            "required_pull_request_reviews.0.dismiss_stale_reviews": "true",
                            "required_pull_request_reviews.0.dismissal_teams.#": "0",
                            "required_pull_request_reviews.0.dismissal_users.#": "0",
                            "required_pull_request_reviews.0.include_admins": "false",
                            "required_pull_request_reviews.0.require_code_owner_reviews": "false",
                            "required_pull_request_reviews.0.required_approving_review_count": "2",
                            "required_status_checks.#": "0",
                            "restrictions.#": "0"
                        },
                        "meta": {},
                        "tainted": false
                    },
                    "deposed": [],
                    "provider": "provider.github"
                },
                "github_repository.repo": {
                    "type": "github_repository",
                    "depends_on": [],
                    "primary": {
                        "id": "verify-boxes",
                        "attributes": {
                            "allow_merge_commit": "true",
                            "allow_rebase_merge": "false",
                            "allow_squash_merge": "false",
                            "archived": "false",
                            "auto_init": "true",
                            "default_branch": "master",
                            "description": "Verify specific configuration for vcloud-launch ",
                            "etag": "W/\"98377dd86fdc35189898379110b58065\"",
                            "full_name": "alphagov/verify-boxes",
                            "git_clone_url": "git://github.com/alphagov/verify-boxes.git",
                            "has_downloads": "false",
                            "has_issues": "true",
                            "has_wiki": "true",
                            "homepage_url": "",
                            "html_url": "https://github.com/alphagov/verify-boxes",
                            "http_clone_url": "https://github.com/alphagov/verify-boxes.git",
                            "id": "verify-boxes",
                            "name": "verify-boxes",
                            "private": "true",
                            "ssh_clone_url": "git@github.com:alphagov/verify-boxes.git",
                            "svn_url": "https://github.com/alphagov/verify-boxes",
                            "topics.#": "1",
                            "topics.2357015465": "verify"
                        },
                        "meta": {},
                        "tainted": false
                    },
                    "deposed": [],
                    "provider": "provider.github"
                },
                "github_team_repository.repo_team_push.0": {
                    "type": "github_team_repository",
                    "depends_on": [
                        "data.github_team.push_teams.*",
                        "github_repository.repo"
                    ],
                    "primary": {
                        "id": "2826122:verify-boxes",
                        "attributes": {
                            "etag": "W/\"d46c9717ed4d52d646e04d871e465c26\"",
                            "id": "2826122:verify-boxes",
                            "permission": "push",
                            "repository": "verify-boxes",
                            "team_id": "2826122"
                        },
                        "meta": {},
                        "tainted": false
                    },
                    "deposed": [],
                    "provider": "provider.github"
                },
                "github_team_repository.repo_team_push.1": {
                    "type": "github_team_repository",
                    "depends_on": [
                        "data.github_team.push_teams.*",
                        "github_repository.repo"
                    ],
                    "primary": {
                        "id": "2826127:verify-boxes",
                        "attributes": {
                            "etag": "W/\"d46c9717ed4d52d646e04d871e465c26\"",
                            "id": "2826127:verify-boxes",
                            "permission": "push",
                            "repository": "verify-boxes",
                            "team_id": "2826127"
                        },
                        "meta": {},
                        "tainted": false
                    },
                    "deposed": [],
                    "provider": "provider.github"
                }
            },
            "depends_on": []
        },
        {
            "path": [
                "root",
                "repo_verify_build_scripts"
            ],
            "outputs": {},
            "resources": {
                "github_branch_protection.repo_protect_master": {
                    "type": "github_branch_protection",
                    "depends_on": [
                        "github_repository.repo"
                    ],
                    "primary": {
                        "id": "verify-build-scripts:master",
                        "attributes": {
                            "branch": "master",
                            "enforce_admins": "false",
                            "etag": "W/\"16e5a7649842320608c19935f373b340\"",
                            "id": "verify-build-scripts:master",
                            "repository": "verify-build-scripts",
                            "required_pull_request_reviews.#": "1",
                            "required_pull_request_reviews.0.dismiss_stale_reviews": "true",
                            "required_pull_request_reviews.0.dismissal_teams.#": "0",
                            "required_pull_request_reviews.0.dismissal_users.#": "0",
                            "required_pull_request_reviews.0.include_admins": "false",
                            "required_pull_request_reviews.0.require_code_owner_reviews": "false",
                            "required_pull_request_reviews.0.required_approving_review_count": "2",
                            "required_status_checks.#": "0",
                            "restrictions.#": "0"
                        },
                        "meta": {},
                        "tainted": false
                    },
                    "deposed": [],
                    "provider": "provider.github"
                },
                "github_repository.repo": {
                    "type": "github_repository",
                    "depends_on": [],
                    "primary": {
                        "id": "verify-build-scripts",
                        "attributes": {
                            "allow_merge_commit": "true",
                            "allow_rebase_merge": "false",
                            "allow_squash_merge": "false",
                            "archived": "false",
                            "auto_init": "true",
                            "default_branch": "master",
                            "description": "Useful scripts and tools for Verify tech",
                            "etag": "W/\"4c753e74a4e5c148adb1d9618f35b1de\"",
                            "full_name": "alphagov/verify-build-scripts",
                            "git_clone_url": "git://github.com/alphagov/verify-build-scripts.git",
                            "has_downloads": "false",
                            "has_issues": "true",
                            "has_wiki": "true",
                            "homepage_url": "",
                            "html_url": "https://github.com/alphagov/verify-build-scripts",
                            "http_clone_url": "https://github.com/alphagov/verify-build-scripts.git",
                            "id": "verify-build-scripts",
                            "name": "verify-build-scripts",
                            "private": "true",
                            "ssh_clone_url": "git@github.com:alphagov/verify-build-scripts.git",
                            "svn_url": "https://github.com/alphagov/verify-build-scripts",
                            "topics.#": "1",
                            "topics.2357015465": "verify"
                        },
                        "meta": {},
                        "tainted": false
                    },
                    "deposed": [],
                    "provider": "provider.github"
                },
                "github_team_repository.repo_team_push": {
                    "type": "github_team_repository",
                    "depends_on": [
                        "data.github_team.push_teams.*",
                        "github_repository.repo"
                    ],
                    "primary": {
                        "id": "2826122:verify-build-scripts",
                        "attributes": {
                            "etag": "W/\"133db8158913cec030e2087d18c0729c\"",
                            "id": "2826122:verify-build-scripts",
                            "permission": "push",
                            "repository": "verify-build-scripts",
                            "team_id": "2826122"
                        },
                        "meta": {},
                        "tainted": false
                    },
                    "deposed": [],
                    "provider": "provider.github"
                }
            },
            "depends_on": []
        },
        {
            "path": [
                "root",
                "repo_verify_dashing"
            ],
            "outputs": {},
            "resources": {
                "github_repository.repo": {
                    "type": "github_repository",
                    "depends_on": [],
                    "primary": {
                        "id": "verify-dashing",
                        "attributes": {
                            "allow_merge_commit": "true",
                            "allow_rebase_merge": "false",
                            "allow_squash_merge": "false",
                            "archived": "false",
                            "default_branch": "master",
                            "description": "Used to run yak dashboard",
                            "etag": "W/\"81353c47f3a45725fdc437ce61290412\"",
                            "full_name": "alphagov/verify-dashing",
                            "git_clone_url": "git://github.com/alphagov/verify-dashing.git",
                            "has_downloads": "false",
                            "has_issues": "true",
                            "has_wiki": "true",
                            "homepage_url": "",
                            "html_url": "https://github.com/alphagov/verify-dashing",
                            "http_clone_url": "https://github.com/alphagov/verify-dashing.git",
                            "id": "verify-dashing",
                            "name": "verify-dashing",
                            "private": "true",
                            "ssh_clone_url": "git@github.com:alphagov/verify-dashing.git",
                            "svn_url": "https://github.com/alphagov/verify-dashing",
                            "topics.#": "1",
                            "topics.2357015465": "verify"
                        },
                        "meta": {},
                        "tainted": false
                    },
                    "deposed": [],
                    "provider": "provider.github"
                },
                "github_team_repository.repo_team_push": {
                    "type": "github_team_repository",
                    "depends_on": [
                        "github_repository.repo"
                    ],
                    "primary": {
                        "id": "2826122:verify-dashing",
                        "attributes": {
                            "etag": "W/\"5cb200c27e1857b6b960301472d7dc1a\"",
                            "id": "2826122:verify-dashing",
                            "permission": "push",
                            "repository": "verify-dashing",
                            "team_id": "2826122"
                        },
                        "meta": {},
                        "tainted": false
                    },
                    "deposed": [],
                    "provider": "provider.github"
                }
            },
            "depends_on": []
        },
        {
            "path": [
                "root",
                "repo_verify_data_pipeline"
            ],
            "outputs": {},
            "resources": {
                "github_branch_protection.repo_protect_master": {
                    "type": "github_branch_protection",
                    "depends_on": [],
                    "primary": {
                        "id": "verify-data-pipeline:master",
                        "attributes": {
                            "branch": "master",
                            "enforce_admins": "false",
                            "etag": "W/\"9c6f5c27fa6490c15e034d625ac8a227\"",
                            "id": "verify-data-pipeline:master",
                            "repository": "verify-data-pipeline",
                            "required_pull_request_reviews.#": "1",
                            "required_pull_request_reviews.0.dismiss_stale_reviews": "true",
                            "required_pull_request_reviews.0.dismissal_teams.#": "0",
                            "required_pull_request_reviews.0.dismissal_users.#": "0",
                            "required_pull_request_reviews.0.include_admins": "false",
                            "required_pull_request_reviews.0.require_code_owner_reviews": "false",
                            "required_pull_request_reviews.0.required_approving_review_count": "2",
                            "required_status_checks.#": "0",
                            "restrictions.#": "0"
                        },
                        "meta": {},
                        "tainted": false
                    },
                    "deposed": [],
                    "provider": "provider.github"
                },
                "github_repository.repo": {
                    "type": "github_repository",
                    "depends_on": [],
                    "primary": {
                        "id": "verify-data-pipeline",
                        "attributes": {
                            "allow_merge_commit": "true",
                            "allow_rebase_merge": "false",
                            "allow_squash_merge": "false",
                            "archived": "false",
                            "auto_init": "true",
                            "default_branch": "master",
                            "description": "Manages Analytics code that generates statistics that inform journey improvements",
                            "etag": "W/\"aa48e4025d865c364301c28c088e2d69\"",
                            "full_name": "alphagov/verify-data-pipeline",
                            "git_clone_url": "git://github.com/alphagov/verify-data-pipeline.git",
                            "has_downloads": "false",
                            "has_issues": "true",
                            "has_wiki": "true",
                            "homepage_url": "",
                            "html_url": "https://github.com/alphagov/verify-data-pipeline",
                            "http_clone_url": "https://github.com/alphagov/verify-data-pipeline.git",
                            "id": "verify-data-pipeline",
                            "name": "verify-data-pipeline",
                            "private": "true",
                            "ssh_clone_url": "git@github.com:alphagov/verify-data-pipeline.git",
                            "svn_url": "https://github.com/alphagov/verify-data-pipeline",
                            "topics.#": "1",
                            "topics.2357015465": "verify"
                        },
                        "meta": {},
                        "tainted": false
                    },
                    "deposed": [],
                    "provider": "provider.github"
                },
                "github_team_repository.repo_team_push": {
                    "type": "github_team_repository",
                    "depends_on": [
                        "data.github_team.push_teams.*",
                        "github_repository.repo"
                    ],
                    "primary": {
                        "id": "2826122:verify-data-pipeline",
                        "attributes": {
                            "etag": "W/\"1234e894ca70424c660722d8672470ea\"",
                            "id": "2826122:verify-data-pipeline",
                            "permission": "push",
                            "repository": "verify-data-pipeline",
                            "team_id": "2826122"
                        },
                        "meta": {},
                        "tainted": false
                    },
                    "deposed": [],
                    "provider": "provider.github"
                }
            },
            "depends_on": []
        },
        {
            "path": [
                "root",
                "repo_verify_data_pipeline_config"
            ],
            "outputs": {},
            "resources": {
                "github_branch_protection.repo_protect_master": {
                    "type": "github_branch_protection",
                    "depends_on": [],
                    "primary": {
                        "id": "verify-data-pipeline-config:master",
                        "attributes": {
                            "branch": "master",
                            "enforce_admins": "false",
                            "etag": "W/\"8a0654b067bd712d3334eb0f2e7c96ad\"",
                            "id": "verify-data-pipeline-config:master",
                            "repository": "verify-data-pipeline-config",
                            "required_pull_request_reviews.#": "1",
                            "required_pull_request_reviews.0.dismiss_stale_reviews": "true",
                            "required_pull_request_reviews.0.dismissal_teams.#": "0",
                            "required_pull_request_reviews.0.dismissal_users.#": "0",
                            "required_pull_request_reviews.0.include_admins": "false",
                            "required_pull_request_reviews.0.require_code_owner_reviews": "false",
                            "required_pull_request_reviews.0.required_approving_review_count": "2",
                            "required_status_checks.#": "0",
                            "restrictions.#": "0"
                        },
                        "meta": {},
                        "tainted": false
                    },
                    "deposed": [],
                    "provider": "provider.github"
                },
                "github_repository.repo": {
                    "type": "github_repository",
                    "depends_on": [],
                    "primary": {
                        "id": "verify-data-pipeline-config",
                        "attributes": {
                            "allow_merge_commit": "true",
                            "allow_rebase_merge": "false",
                            "allow_squash_merge": "false",
                            "archived": "false",
                            "auto_init": "true",
                            "default_branch": "master",
                            "description": "Holds configuration data to help verify data pipeline run in production",
                            "etag": "W/\"a1d09223a963094d3296eea9d1609f44\"",
                            "full_name": "alphagov/verify-data-pipeline-config",
                            "git_clone_url": "git://github.com/alphagov/verify-data-pipeline-config.git",
                            "has_downloads": "false",
                            "has_issues": "true",
                            "has_wiki": "true",
                            "homepage_url": "",
                            "html_url": "https://github.com/alphagov/verify-data-pipeline-config",
                            "http_clone_url": "https://github.com/alphagov/verify-data-pipeline-config.git",
                            "id": "verify-data-pipeline-config",
                            "name": "verify-data-pipeline-config",
                            "private": "true",
                            "ssh_clone_url": "git@github.com:alphagov/verify-data-pipeline-config.git",
                            "svn_url": "https://github.com/alphagov/verify-data-pipeline-config",
                            "topics.#": "0"
                        },
                        "meta": {},
                        "tainted": false
                    },
                    "deposed": [],
                    "provider": "provider.github"
                },
                "github_team_repository.repo_team_push": {
                    "type": "github_team_repository",
                    "depends_on": [
                        "data.github_team.push_teams.*",
                        "github_repository.repo"
                    ],
                    "primary": {
                        "id": "2826122:verify-data-pipeline-config",
                        "attributes": {
                            "etag": "W/\"bc867f5130387ad6202d661b1c883b3c\"",
                            "id": "2826122:verify-data-pipeline-config",
                            "permission": "push",
                            "repository": "verify-data-pipeline-config",
                            "team_id": "2826122"
                        },
                        "meta": {},
                        "tainted": false
                    },
                    "deposed": [],
                    "provider": "provider.github"
                }
            },
            "depends_on": []
        },
        {
            "path": [
                "root",
                "repo_verify_data_schemas"
            ],
            "outputs": {},
            "resources": {
                "github_branch_protection.repo_protect_master": {
                    "type": "github_branch_protection",
                    "depends_on": [
                        "github_repository.repo"
                    ],
                    "primary": {
                        "id": "verify-data-schemas:master",
                        "attributes": {
                            "branch": "master",
                            "enforce_admins": "false",
                            "etag": "W/\"027b5dfb2a1c034743ad57ab3dcc55ee\"",
                            "id": "verify-data-schemas:master",
                            "repository": "verify-data-schemas",
                            "required_pull_request_reviews.#": "1",
                            "required_pull_request_reviews.0.dismiss_stale_reviews": "true",
                            "required_pull_request_reviews.0.dismissal_teams.#": "0",
                            "required_pull_request_reviews.0.dismissal_users.#": "0",
                            "required_pull_request_reviews.0.include_admins": "false",
                            "required_pull_request_reviews.0.require_code_owner_reviews": "false",
                            "required_pull_request_reviews.0.required_approving_review_count": "2",
                            "required_status_checks.#": "0",
                            "restrictions.#": "0"
                        },
                        "meta": {},
                        "tainted": false
                    },
                    "deposed": [],
                    "provider": "provider.github"
                },
                "github_repository.repo": {
                    "type": "github_repository",
                    "depends_on": [],
                    "primary": {
                        "id": "verify-data-schemas",
                        "attributes": {
                            "allow_merge_commit": "true",
                            "allow_rebase_merge": "false",
                            "allow_squash_merge": "false",
                            "archived": "true",
                            "auto_init": "true",
                            "default_branch": "master",
                            "description": "YAML specifications for Verify data",
                            "etag": "W/\"d3e5517d21150aa01a9bd001c082969b\"",
                            "full_name": "alphagov/verify-data-schemas",
                            "git_clone_url": "git://github.com/alphagov/verify-data-schemas.git",
                            "has_downloads": "false",
                            "has_issues": "true",
                            "has_wiki": "true",
                            "homepage_url": "",
                            "html_url": "https://github.com/alphagov/verify-data-schemas",
                            "http_clone_url": "https://github.com/alphagov/verify-data-schemas.git",
                            "id": "verify-data-schemas",
                            "name": "verify-data-schemas",
                            "private": "false",
                            "ssh_clone_url": "git@github.com:alphagov/verify-data-schemas.git",
                            "svn_url": "https://github.com/alphagov/verify-data-schemas",
                            "topics.#": "1",
                            "topics.2357015465": "verify"
                        },
                        "meta": {},
                        "tainted": false
                    },
                    "deposed": [],
                    "provider": "provider.github"
                },
                "github_team_repository.repo_team_push": {
                    "type": "github_team_repository",
                    "depends_on": [
                        "data.github_team.push_teams.*",
                        "github_repository.repo"
                    ],
                    "primary": {
                        "id": "2826122:verify-data-schemas",
                        "attributes": {
                            "etag": "W/\"5d4228345b2489c52e01a12d8818cf34\"",
                            "id": "2826122:verify-data-schemas",
                            "permission": "pull",
                            "repository": "verify-data-schemas",
                            "team_id": "2826122"
                        },
                        "meta": {},
                        "tainted": false
                    },
                    "deposed": [],
                    "provider": "provider.github"
                }
            },
            "depends_on": []
        },
        {
            "path": [
                "root",
                "repo_verify_datascience_sandbox"
            ],
            "outputs": {},
            "resources": {
                "github_branch_protection.repo_protect_master": {
                    "type": "github_branch_protection",
                    "depends_on": [
                        "github_repository.repo"
                    ],
                    "primary": {
                        "id": "verify-datascience-sandbox:master",
                        "attributes": {
                            "branch": "master",
                            "enforce_admins": "false",
                            "etag": "W/\"ef0c9bf0ca59ecb65c93261578541cae\"",
                            "id": "verify-datascience-sandbox:master",
                            "repository": "verify-datascience-sandbox",
                            "required_pull_request_reviews.#": "1",
                            "required_pull_request_reviews.0.dismiss_stale_reviews": "true",
                            "required_pull_request_reviews.0.dismissal_teams.#": "0",
                            "required_pull_request_reviews.0.dismissal_users.#": "0",
                            "required_pull_request_reviews.0.include_admins": "false",
                            "required_pull_request_reviews.0.require_code_owner_reviews": "false",
                            "required_pull_request_reviews.0.required_approving_review_count": "2",
                            "required_status_checks.#": "0",
                            "restrictions.#": "0"
                        },
                        "meta": {},
                        "tainted": false
                    },
                    "deposed": [],
                    "provider": "provider.github"
                },
                "github_repository.repo": {
                    "type": "github_repository",
                    "depends_on": [],
                    "primary": {
                        "id": "verify-datascience-sandbox",
                        "attributes": {
                            "allow_merge_commit": "true",
                            "allow_rebase_merge": "false",
                            "allow_squash_merge": "false",
                            "archived": "false",
                            "default_branch": "master",
                            "description": "A repository for analysis of GOV.UK Verify data.",
                            "etag": "W/\"f59aa78e35e44f04ebfb4c64bbcd7e14\"",
                            "full_name": "alphagov/verify-datascience-sandbox",
                            "git_clone_url": "git://github.com/alphagov/verify-datascience-sandbox.git",
                            "has_downloads": "false",
                            "has_issues": "true",
                            "has_wiki": "true",
                            "homepage_url": "",
                            "html_url": "https://github.com/alphagov/verify-datascience-sandbox",
                            "http_clone_url": "https://github.com/alphagov/verify-datascience-sandbox.git",
                            "id": "verify-datascience-sandbox",
                            "name": "verify-datascience-sandbox",
                            "private": "true",
                            "ssh_clone_url": "git@github.com:alphagov/verify-datascience-sandbox.git",
                            "svn_url": "https://github.com/alphagov/verify-datascience-sandbox",
                            "topics.#": "0"
                        },
                        "meta": {},
                        "tainted": false
                    },
                    "deposed": [],
                    "provider": "provider.github"
                },
                "github_team_repository.repo_team_push": {
                    "type": "github_team_repository",
                    "depends_on": [
                        "data.github_team.push_teams.*",
                        "github_repository.repo"
                    ],
                    "primary": {
                        "id": "2826122:verify-datascience-sandbox",
                        "attributes": {
                            "etag": "W/\"0bf829d6cb82aa3d18e466091883b2c5\"",
                            "id": "2826122:verify-datascience-sandbox",
                            "permission": "push",
                            "repository": "verify-datascience-sandbox",
                            "team_id": "2826122"
                        },
                        "meta": {},
                        "tainted": false
                    },
                    "deposed": [],
                    "provider": "provider.github"
                }
            },
            "depends_on": []
        },
        {
            "path": [
                "root",
                "repo_verify_eidas_metadata_aggregator"
            ],
            "outputs": {},
            "resources": {
                "github_branch_protection.repo_protect_master": {
                    "type": "github_branch_protection",
                    "depends_on": [
                        "github_repository.repo"
                    ],
                    "primary": {
                        "id": "verify-eidas-metadata-aggregator:master",
                        "attributes": {
                            "branch": "master",
                            "enforce_admins": "false",
                            "etag": "W/\"6deea386cbab6c06ba17f4e80791329a\"",
                            "id": "verify-eidas-metadata-aggregator:master",
                            "repository": "verify-eidas-metadata-aggregator",
                            "required_pull_request_reviews.#": "1",
                            "required_pull_request_reviews.0.dismiss_stale_reviews": "true",
                            "required_pull_request_reviews.0.dismissal_teams.#": "0",
                            "required_pull_request_reviews.0.dismissal_users.#": "0",
                            "required_pull_request_reviews.0.include_admins": "false",
                            "required_pull_request_reviews.0.require_code_owner_reviews": "false",
                            "required_pull_request_reviews.0.required_approving_review_count": "2",
                            "required_status_checks.#": "0",
                            "restrictions.#": "0"
                        },
                        "meta": {},
                        "tainted": false
                    },
                    "deposed": [],
                    "provider": "provider.github"
                },
                "github_repository.repo": {
                    "type": "github_repository",
                    "depends_on": [],
                    "primary": {
                        "id": "verify-eidas-metadata-aggregator",
                        "attributes": {
                            "allow_merge_commit": "true",
                            "allow_rebase_merge": "false",
                            "allow_squash_merge": "false",
                            "archived": "false",
                            "auto_init": "true",
                            "default_branch": "master",
                            "description": "Script to aggregate SAML metadata from EU countries",
                            "etag": "W/\"118aab65f89d9a3cfad79b1058f22fdc\"",
                            "full_name": "alphagov/verify-eidas-metadata-aggregator",
                            "git_clone_url": "git://github.com/alphagov/verify-eidas-metadata-aggregator.git",
                            "has_downloads": "false",
                            "has_issues": "true",
                            "has_wiki": "true",
                            "homepage_url": "",
                            "html_url": "https://github.com/alphagov/verify-eidas-metadata-aggregator",
                            "http_clone_url": "https://github.com/alphagov/verify-eidas-metadata-aggregator.git",
                            "id": "verify-eidas-metadata-aggregator",
                            "name": "verify-eidas-metadata-aggregator",
                            "private": "false",
                            "ssh_clone_url": "git@github.com:alphagov/verify-eidas-metadata-aggregator.git",
                            "svn_url": "https://github.com/alphagov/verify-eidas-metadata-aggregator",
                            "topics.#": "1",
                            "topics.2357015465": "verify"
                        },
                        "meta": {},
                        "tainted": false
                    },
                    "deposed": [],
                    "provider": "provider.github"
                },
                "github_team_repository.repo_team_push": {
                    "type": "github_team_repository",
                    "depends_on": [
                        "data.github_team.push_teams.*",
                        "github_repository.repo"
                    ],
                    "primary": {
                        "id": "2826126:verify-eidas-metadata-aggregator",
                        "attributes": {
                            "etag": "W/\"48ce3880fd6adc4cb0f8f0746845abd2\"",
                            "id": "2826126:verify-eidas-metadata-aggregator",
                            "permission": "push",
                            "repository": "verify-eidas-metadata-aggregator",
                            "team_id": "2826126"
                        },
                        "meta": {},
                        "tainted": false
                    },
                    "deposed": [],
                    "provider": "provider.github"
                }
            },
            "depends_on": []
        },
        {
            "path": [
                "root",
                "repo_verify_eidas_mw_config_generator"
            ],
            "outputs": {},
            "resources": {
                "github_branch_protection.repo_protect_master": {
                    "type": "github_branch_protection",
                    "depends_on": [
                        "github_repository.repo"
                    ],
                    "primary": {
                        "id": "verify-eidas-mw-config-generator:master",
                        "attributes": {
                            "branch": "master",
                            "enforce_admins": "false",
                            "etag": "W/\"a63e71a78b8b1922b02c9f617eebe5bd\"",
                            "id": "verify-eidas-mw-config-generator:master",
                            "repository": "verify-eidas-mw-config-generator",
                            "required_pull_request_reviews.#": "1",
                            "required_pull_request_reviews.0.dismiss_stale_reviews": "true",
                            "required_pull_request_reviews.0.dismissal_teams.#": "0",
                            "required_pull_request_reviews.0.dismissal_users.#": "0",
                            "required_pull_request_reviews.0.include_admins": "false",
                            "required_pull_request_reviews.0.require_code_owner_reviews": "false",
                            "required_pull_request_reviews.0.required_approving_review_count": "2",
                            "required_status_checks.#": "0",
                            "restrictions.#": "0"
                        },
                        "meta": {},
                        "tainted": false
                    },
                    "deposed": [],
                    "provider": "provider.github"
                },
                "github_repository.repo": {
                    "type": "github_repository",
                    "depends_on": [],
                    "primary": {
                        "id": "verify-eidas-mw-config-generator",
                        "attributes": {
                            "allow_merge_commit": "true",
                            "allow_rebase_merge": "false",
                            "allow_squash_merge": "false",
                            "archived": "false",
                            "auto_init": "true",
                            "default_branch": "master",
                            "description": "eIDAS Middleware Configuration Generator",
                            "etag": "W/\"f3290cce20d107e1cdc06c55f8e51559\"",
                            "full_name": "alphagov/verify-eidas-mw-config-generator",
                            "git_clone_url": "git://github.com/alphagov/verify-eidas-mw-config-generator.git",
                            "has_downloads": "false",
                            "has_issues": "true",
                            "has_wiki": "true",
                            "homepage_url": "",
                            "html_url": "https://github.com/alphagov/verify-eidas-mw-config-generator",
                            "http_clone_url": "https://github.com/alphagov/verify-eidas-mw-config-generator.git",
                            "id": "verify-eidas-mw-config-generator",
                            "name": "verify-eidas-mw-config-generator",
                            "private": "false",
                            "ssh_clone_url": "git@github.com:alphagov/verify-eidas-mw-config-generator.git",
                            "svn_url": "https://github.com/alphagov/verify-eidas-mw-config-generator",
                            "topics.#": "0"
                        },
                        "meta": {},
                        "tainted": false
                    },
                    "deposed": [],
                    "provider": "provider.github"
                },
                "github_team_repository.repo_team_push": {
                    "type": "github_team_repository",
                    "depends_on": [
                        "data.github_team.push_teams.*",
                        "github_repository.repo"
                    ],
                    "primary": {
                        "id": "2826126:verify-eidas-mw-config-generator",
                        "attributes": {
                            "etag": "W/\"aeb3d3d7bf2cf0d606d8c4b0dc1ebe92\"",
                            "id": "2826126:verify-eidas-mw-config-generator",
                            "permission": "push",
                            "repository": "verify-eidas-mw-config-generator",
                            "team_id": "2826126"
                        },
                        "meta": {},
                        "tainted": false
                    },
                    "deposed": [],
                    "provider": "provider.github"
                }
            },
            "depends_on": []
        },
        {
            "path": [
                "root",
                "repo_verify_eidas_mw_run"
            ],
            "outputs": {},
            "resources": {
                "github_branch_protection.repo_protect_master": {
                    "type": "github_branch_protection",
                    "depends_on": [
                        "github_repository.repo"
                    ],
                    "primary": {
                        "id": "verify-eidas-mw-run:master",
                        "attributes": {
                            "branch": "master",
                            "enforce_admins": "false",
                            "etag": "W/\"0171daefc62f85363374a4970560ac7b\"",
                            "id": "verify-eidas-mw-run:master",
                            "repository": "verify-eidas-mw-run",
                            "required_pull_request_reviews.#": "1",
                            "required_pull_request_reviews.0.dismiss_stale_reviews": "true",
                            "required_pull_request_reviews.0.dismissal_teams.#": "0",
                            "required_pull_request_reviews.0.dismissal_users.#": "0",
                            "required_pull_request_reviews.0.include_admins": "false",
                            "required_pull_request_reviews.0.require_code_owner_reviews": "false",
                            "required_pull_request_reviews.0.required_approving_review_count": "2",
                            "required_status_checks.#": "0",
                            "restrictions.#": "0"
                        },
                        "meta": {},
                        "tainted": false
                    },
                    "deposed": [],
                    "provider": "provider.github"
                },
                "github_repository.repo": {
                    "type": "github_repository",
                    "depends_on": [],
                    "primary": {
                        "id": "verify-eidas-mw-run",
                        "attributes": {
                            "allow_merge_commit": "true",
                            "allow_rebase_merge": "false",
                            "allow_squash_merge": "false",
                            "archived": "false",
                            "auto_init": "true",
                            "default_branch": "master",
                            "description": "German eIDAS middleware run container",
                            "etag": "W/\"c9f064c909f3f9e28fa518d55627df34\"",
                            "full_name": "alphagov/verify-eidas-mw-run",
                            "git_clone_url": "git://github.com/alphagov/verify-eidas-mw-run.git",
                            "has_downloads": "false",
                            "has_issues": "true",
                            "has_wiki": "true",
                            "homepage_url": "",
                            "html_url": "https://github.com/alphagov/verify-eidas-mw-run",
                            "http_clone_url": "https://github.com/alphagov/verify-eidas-mw-run.git",
                            "id": "verify-eidas-mw-run",
                            "name": "verify-eidas-mw-run",
                            "private": "false",
                            "ssh_clone_url": "git@github.com:alphagov/verify-eidas-mw-run.git",
                            "svn_url": "https://github.com/alphagov/verify-eidas-mw-run",
                            "topics.#": "0"
                        },
                        "meta": {},
                        "tainted": false
                    },
                    "deposed": [],
                    "provider": "provider.github"
                },
                "github_team_repository.repo_team_push": {
                    "type": "github_team_repository",
                    "depends_on": [
                        "data.github_team.push_teams.*",
                        "github_repository.repo"
                    ],
                    "primary": {
                        "id": "2826126:verify-eidas-mw-run",
                        "attributes": {
                            "etag": "W/\"a88200ccbdf2ebfa365c3d23dcd0feb8\"",
                            "id": "2826126:verify-eidas-mw-run",
                            "permission": "push",
                            "repository": "verify-eidas-mw-run",
                            "team_id": "2826126"
                        },
                        "meta": {},
                        "tainted": false
                    },
                    "deposed": [],
                    "provider": "provider.github"
                }
            },
            "depends_on": []
        },
        {
            "path": [
                "root",
                "repo_verify_eidas_trust_anchor"
            ],
            "outputs": {},
            "resources": {
                "github_branch_protection.repo_protect_master": {
                    "type": "github_branch_protection",
                    "depends_on": [],
                    "primary": {
                        "id": "verify-eidas-trust-anchor:master",
                        "attributes": {
                            "branch": "master",
                            "enforce_admins": "false",
                            "etag": "W/\"41ff091a5b7116ca8d71719750ecac29\"",
                            "id": "verify-eidas-trust-anchor:master",
                            "repository": "verify-eidas-trust-anchor",
                            "required_pull_request_reviews.#": "1",
                            "required_pull_request_reviews.0.dismiss_stale_reviews": "true",
                            "required_pull_request_reviews.0.dismissal_teams.#": "0",
                            "required_pull_request_reviews.0.dismissal_users.#": "0",
                            "required_pull_request_reviews.0.include_admins": "false",
                            "required_pull_request_reviews.0.require_code_owner_reviews": "false",
                            "required_pull_request_reviews.0.required_approving_review_count": "2",
                            "required_status_checks.#": "0",
                            "restrictions.#": "0"
                        },
                        "meta": {},
                        "tainted": false
                    },
                    "deposed": [],
                    "provider": "provider.github"
                },
                "github_repository.repo": {
                    "type": "github_repository",
                    "depends_on": [],
                    "primary": {
                        "id": "verify-eidas-trust-anchor",
                        "attributes": {
                            "allow_merge_commit": "true",
                            "allow_rebase_merge": "false",
                            "allow_squash_merge": "false",
                            "archived": "false",
                            "auto_init": "true",
                            "default_branch": "master",
                            "description": "Generates trust anchors as JSON Web Keys that allow MSAs and Hubs to validate European metadata.",
                            "etag": "W/\"9d30cf3daeee51c9c889cabe3afbed01\"",
                            "full_name": "alphagov/verify-eidas-trust-anchor",
                            "git_clone_url": "git://github.com/alphagov/verify-eidas-trust-anchor.git",
                            "has_downloads": "false",
                            "has_issues": "true",
                            "has_wiki": "true",
                            "homepage_url": "",
                            "html_url": "https://github.com/alphagov/verify-eidas-trust-anchor",
                            "http_clone_url": "https://github.com/alphagov/verify-eidas-trust-anchor.git",
                            "id": "verify-eidas-trust-anchor",
                            "name": "verify-eidas-trust-anchor",
                            "private": "false",
                            "ssh_clone_url": "git@github.com:alphagov/verify-eidas-trust-anchor.git",
                            "svn_url": "https://github.com/alphagov/verify-eidas-trust-anchor",
                            "topics.#": "1",
                            "topics.2357015465": "verify"
                        },
                        "meta": {},
                        "tainted": false
                    },
                    "deposed": [],
                    "provider": "provider.github"
                },
                "github_team_repository.repo_team_push": {
                    "type": "github_team_repository",
                    "depends_on": [
                        "data.github_team.push_teams.*",
                        "github_repository.repo"
                    ],
                    "primary": {
                        "id": "2826126:verify-eidas-trust-anchor",
                        "attributes": {
                            "etag": "W/\"06fe975ca2774db018710f044dc76bf9\"",
                            "id": "2826126:verify-eidas-trust-anchor",
                            "permission": "push",
                            "repository": "verify-eidas-trust-anchor",
                            "team_id": "2826126"
                        },
                        "meta": {},
                        "tainted": false
                    },
                    "deposed": [],
                    "provider": "provider.github"
                }
            },
            "depends_on": []
        },
        {
            "path": [
                "root",
                "repo_verify_event_emitter"
            ],
            "outputs": {},
            "resources": {
                "github_branch_protection.repo_protect_master": {
                    "type": "github_branch_protection",
                    "depends_on": [
                        "github_repository.repo"
                    ],
                    "primary": {
                        "id": "verify-event-emitter:master",
                        "attributes": {
                            "branch": "master",
                            "enforce_admins": "false",
                            "etag": "W/\"e445fa041cd5835c325c494bf37d53f0\"",
                            "id": "verify-event-emitter:master",
                            "repository": "verify-event-emitter",
                            "required_pull_request_reviews.#": "1",
                            "required_pull_request_reviews.0.dismiss_stale_reviews": "true",
                            "required_pull_request_reviews.0.dismissal_teams.#": "0",
                            "required_pull_request_reviews.0.dismissal_users.#": "0",
                            "required_pull_request_reviews.0.include_admins": "false",
                            "required_pull_request_reviews.0.require_code_owner_reviews": "false",
                            "required_pull_request_reviews.0.required_approving_review_count": "2",
                            "required_status_checks.#": "0",
                            "restrictions.#": "0"
                        },
                        "meta": {},
                        "tainted": false
                    },
                    "deposed": [],
                    "provider": "provider.github"
                },
                "github_repository.repo": {
                    "type": "github_repository",
                    "depends_on": [],
                    "primary": {
                        "id": "verify-event-emitter",
                        "attributes": {
                            "allow_merge_commit": "true",
                            "allow_rebase_merge": "false",
                            "allow_squash_merge": "false",
                            "archived": "false",
                            "auto_init": "true",
                            "default_branch": "master",
                            "description": "Send events",
                            "etag": "W/\"00b2327f488ac29b5c74f27009eae089\"",
                            "full_name": "alphagov/verify-event-emitter",
                            "git_clone_url": "git://github.com/alphagov/verify-event-emitter.git",
                            "has_downloads": "false",
                            "has_issues": "true",
                            "has_wiki": "true",
                            "homepage_url": "",
                            "html_url": "https://github.com/alphagov/verify-event-emitter",
                            "http_clone_url": "https://github.com/alphagov/verify-event-emitter.git",
                            "id": "verify-event-emitter",
                            "name": "verify-event-emitter",
                            "private": "false",
                            "ssh_clone_url": "git@github.com:alphagov/verify-event-emitter.git",
                            "svn_url": "https://github.com/alphagov/verify-event-emitter",
                            "topics.#": "1",
                            "topics.2357015465": "verify"
                        },
                        "meta": {},
                        "tainted": false
                    },
                    "deposed": [],
                    "provider": "provider.github"
                },
                "github_team_repository.repo_team_push": {
                    "type": "github_team_repository",
                    "depends_on": [
                        "data.github_team.teams.*",
                        "github_repository.repo"
                    ],
                    "primary": {
                        "id": "2826122:verify-event-emitter",
                        "attributes": {
                            "etag": "W/\"4e9ee28da49be433963a3ce7f10715a2\"",
                            "id": "2826122:verify-event-emitter",
                            "permission": "push",
                            "repository": "verify-event-emitter",
                            "team_id": "2826122"
                        },
                        "meta": {},
                        "tainted": false
                    },
                    "deposed": [],
                    "provider": "provider.github"
                }
            },
            "depends_on": []
        },
        {
            "path": [
                "root",
                "repo_verify_event_emitter_loader"
            ],
            "outputs": {},
            "resources": {
                "github_branch_protection.repo_protect_master": {
                    "type": "github_branch_protection",
                    "depends_on": [
                        "github_repository.repo"
                    ],
                    "primary": {
                        "id": "verify-event-emitter-loader:master",
                        "attributes": {
                            "branch": "master",
                            "enforce_admins": "false",
                            "etag": "W/\"c3ad022e3f40d861d63470f99acd1d67\"",
                            "id": "verify-event-emitter-loader:master",
                            "repository": "verify-event-emitter-loader",
                            "required_pull_request_reviews.#": "1",
                            "required_pull_request_reviews.0.dismiss_stale_reviews": "true",
                            "required_pull_request_reviews.0.dismissal_teams.#": "0",
                            "required_pull_request_reviews.0.dismissal_users.#": "0",
                            "required_pull_request_reviews.0.include_admins": "false",
                            "required_pull_request_reviews.0.require_code_owner_reviews": "false",
                            "required_pull_request_reviews.0.required_approving_review_count": "2",
                            "required_status_checks.#": "0",
                            "restrictions.#": "0"
                        },
                        "meta": {},
                        "tainted": false
                    },
                    "deposed": [],
                    "provider": "provider.github"
                },
                "github_repository.repo": {
                    "type": "github_repository",
                    "depends_on": [],
                    "primary": {
                        "id": "verify-event-emitter-loader",
                        "attributes": {
                            "allow_merge_commit": "true",
                            "allow_rebase_merge": "false",
                            "allow_squash_merge": "false",
                            "archived": "false",
                            "default_branch": "master",
                            "description": "Create encrypted events in a given queue",
                            "etag": "W/\"4df081b5f56ace4c3a1fd085e7ef12d7\"",
                            "full_name": "alphagov/verify-event-emitter-loader",
                            "git_clone_url": "git://github.com/alphagov/verify-event-emitter-loader.git",
                            "has_downloads": "false",
                            "has_issues": "true",
                            "has_wiki": "true",
                            "homepage_url": "",
                            "html_url": "https://github.com/alphagov/verify-event-emitter-loader",
                            "http_clone_url": "https://github.com/alphagov/verify-event-emitter-loader.git",
                            "id": "verify-event-emitter-loader",
                            "name": "verify-event-emitter-loader",
                            "private": "false",
                            "ssh_clone_url": "git@github.com:alphagov/verify-event-emitter-loader.git",
                            "svn_url": "https://github.com/alphagov/verify-event-emitter-loader",
                            "topics.#": "0"
                        },
                        "meta": {},
                        "tainted": false
                    },
                    "deposed": [],
                    "provider": "provider.github"
                },
                "github_team_repository.repo_team_push": {
                    "type": "github_team_repository",
                    "depends_on": [
                        "data.github_team.push_teams.*",
                        "github_repository.repo"
                    ],
                    "primary": {
                        "id": "2826122:verify-event-emitter-loader",
                        "attributes": {
                            "etag": "W/\"7e2a56b33f2f350b0708a734908ab319\"",
                            "id": "2826122:verify-event-emitter-loader",
                            "permission": "push",
                            "repository": "verify-event-emitter-loader",
                            "team_id": "2826122"
                        },
                        "meta": {},
                        "tainted": false
                    },
                    "deposed": [],
                    "provider": "provider.github"
                }
            },
            "depends_on": []
        },
        {
            "path": [
                "root",
                "repo_verify_event_infrastructure"
            ],
            "outputs": {},
            "resources": {
                "github_branch_protection.repo_protect_master": {
                    "type": "github_branch_protection",
                    "depends_on": [
                        "github_repository.repo"
                    ],
                    "primary": {
                        "id": "verify-event-infrastructure:master",
                        "attributes": {
                            "branch": "master",
                            "enforce_admins": "false",
                            "etag": "W/\"fdd805dd357df0f26837d6f7ba86a51b\"",
                            "id": "verify-event-infrastructure:master",
                            "repository": "verify-event-infrastructure",
                            "required_pull_request_reviews.#": "1",
                            "required_pull_request_reviews.0.dismiss_stale_reviews": "true",
                            "required_pull_request_reviews.0.dismissal_teams.#": "0",
                            "required_pull_request_reviews.0.dismissal_users.#": "0",
                            "required_pull_request_reviews.0.include_admins": "false",
                            "required_pull_request_reviews.0.require_code_owner_reviews": "false",
                            "required_pull_request_reviews.0.required_approving_review_count": "2",
                            "required_status_checks.#": "0",
                            "restrictions.#": "0"
                        },
                        "meta": {},
                        "tainted": false
                    },
                    "deposed": [],
                    "provider": "provider.github"
                },
                "github_repository.repo": {
                    "type": "github_repository",
                    "depends_on": [],
                    "primary": {
                        "id": "verify-event-infrastructure",
                        "attributes": {
                            "allow_merge_commit": "true",
                            "allow_rebase_merge": "false",
                            "allow_squash_merge": "false",
                            "archived": "false",
                            "auto_init": "true",
                            "default_branch": "master",
                            "description": "Infrastructure used to process Audit \u0026 Billing events for Verify",
                            "etag": "W/\"a795d5032f837d790dc2556a3ad3e96f\"",
                            "full_name": "alphagov/verify-event-infrastructure",
                            "git_clone_url": "git://github.com/alphagov/verify-event-infrastructure.git",
                            "has_downloads": "false",
                            "has_issues": "true",
                            "has_wiki": "true",
                            "homepage_url": "",
                            "html_url": "https://github.com/alphagov/verify-event-infrastructure",
                            "http_clone_url": "https://github.com/alphagov/verify-event-infrastructure.git",
                            "id": "verify-event-infrastructure",
                            "name": "verify-event-infrastructure",
                            "private": "true",
                            "ssh_clone_url": "git@github.com:alphagov/verify-event-infrastructure.git",
                            "svn_url": "https://github.com/alphagov/verify-event-infrastructure",
                            "topics.#": "6",
                            "topics.1617721690": "lambda",
                            "topics.2357015465": "verify",
                            "topics.2480389212": "infrastructure",
                            "topics.3101954328": "sqs",
                            "topics.448075750": "rds",
                            "topics.535570215": "terraform"
                        },
                        "meta": {},
                        "tainted": false
                    },
                    "deposed": [],
                    "provider": "provider.github"
                },
                "github_repository_collaborator.repo_collaborator_pull": {
                    "type": "github_repository_collaborator",
                    "depends_on": [
                        "github_repository.repo"
                    ],
                    "primary": {
                        "id": "verify-event-infrastructure:verify-cd-read-only",
                        "attributes": {
                            "id": "verify-event-infrastructure:verify-cd-read-only",
                            "permission": "pull",
                            "repository": "verify-event-infrastructure",
                            "username": "verify-cd-read-only"
                        },
                        "meta": {},
                        "tainted": false
                    },
                    "deposed": [],
                    "provider": "provider.github"
                },
                "github_team_repository.repo_team_push.0": {
                    "type": "github_team_repository",
                    "depends_on": [
                        "data.github_team.push_teams.*",
                        "github_repository.repo"
                    ],
                    "primary": {
                        "id": "2826122:verify-event-infrastructure",
                        "attributes": {
                            "etag": "W/\"c2f216570412ba96bcf2160cc117ab39\"",
                            "id": "2826122:verify-event-infrastructure",
                            "permission": "push",
                            "repository": "verify-event-infrastructure",
                            "team_id": "2826122"
                        },
                        "meta": {},
                        "tainted": false
                    },
                    "deposed": [],
                    "provider": "provider.github"
                },
                "github_team_repository.repo_team_push.1": {
                    "type": "github_team_repository",
                    "depends_on": [
                        "data.github_team.push_teams.*",
                        "github_repository.repo"
                    ],
                    "primary": {
                        "id": "2826127:verify-event-infrastructure",
                        "attributes": {
                            "etag": "W/\"c2f216570412ba96bcf2160cc117ab39\"",
                            "id": "2826127:verify-event-infrastructure",
                            "permission": "push",
                            "repository": "verify-event-infrastructure",
                            "team_id": "2826127"
                        },
                        "meta": {},
                        "tainted": false
                    },
                    "deposed": [],
                    "provider": "provider.github"
                }
            },
            "depends_on": []
        },
        {
            "path": [
                "root",
                "repo_verify_event_recorder_service"
            ],
            "outputs": {},
            "resources": {
                "github_branch_protection.repo_protect_master": {
                    "type": "github_branch_protection",
                    "depends_on": [
                        "github_repository.repo"
                    ],
                    "primary": {
                        "id": "verify-event-recorder-service:master",
                        "attributes": {
                            "branch": "master",
                            "enforce_admins": "false",
                            "etag": "W/\"91fc8adec98dd9866992931f965422ac\"",
                            "id": "verify-event-recorder-service:master",
                            "repository": "verify-event-recorder-service",
                            "required_pull_request_reviews.#": "1",
                            "required_pull_request_reviews.0.dismiss_stale_reviews": "true",
                            "required_pull_request_reviews.0.dismissal_teams.#": "0",
                            "required_pull_request_reviews.0.dismissal_users.#": "0",
                            "required_pull_request_reviews.0.include_admins": "false",
                            "required_pull_request_reviews.0.require_code_owner_reviews": "false",
                            "required_pull_request_reviews.0.required_approving_review_count": "2",
                            "required_status_checks.#": "0",
                            "restrictions.#": "0"
                        },
                        "meta": {},
                        "tainted": false
                    },
                    "deposed": [],
                    "provider": "provider.github"
                },
                "github_repository.repo": {
                    "type": "github_repository",
                    "depends_on": [],
                    "primary": {
                        "id": "verify-event-recorder-service",
                        "attributes": {
                            "allow_merge_commit": "true",
                            "allow_rebase_merge": "false",
                            "allow_squash_merge": "false",
                            "archived": "false",
                            "auto_init": "true",
                            "default_branch": "master",
                            "description": "This service is part of Verify's event recording system; its purpose is to read events from a queue and write them to a permanent datastore.",
                            "etag": "W/\"5bf11896aef7addabc071c9200f3bc15\"",
                            "full_name": "alphagov/verify-event-recorder-service",
                            "git_clone_url": "git://github.com/alphagov/verify-event-recorder-service.git",
                            "has_downloads": "false",
                            "has_issues": "true",
                            "has_wiki": "true",
                            "homepage_url": "",
                            "html_url": "https://github.com/alphagov/verify-event-recorder-service",
                            "http_clone_url": "https://github.com/alphagov/verify-event-recorder-service.git",
                            "id": "verify-event-recorder-service",
                            "name": "verify-event-recorder-service",
                            "private": "false",
                            "ssh_clone_url": "git@github.com:alphagov/verify-event-recorder-service.git",
                            "svn_url": "https://github.com/alphagov/verify-event-recorder-service",
                            "topics.#": "1",
                            "topics.2357015465": "verify"
                        },
                        "meta": {},
                        "tainted": false
                    },
                    "deposed": [],
                    "provider": "provider.github"
                },
                "github_team_repository.repo_team_push": {
                    "type": "github_team_repository",
                    "depends_on": [
                        "data.github_team.teams.*",
                        "github_repository.repo"
                    ],
                    "primary": {
                        "id": "2826122:verify-event-recorder-service",
                        "attributes": {
                            "etag": "W/\"a45222f4bafac557ecd34d77c4294489\"",
                            "id": "2826122:verify-event-recorder-service",
                            "permission": "push",
                            "repository": "verify-event-recorder-service",
                            "team_id": "2826122"
                        },
                        "meta": {},
                        "tainted": false
                    },
                    "deposed": [],
                    "provider": "provider.github"
                }
            },
            "depends_on": []
        },
        {
            "path": [
                "root",
                "repo_verify_event_system_alarm_notifier"
            ],
            "outputs": {},
            "resources": {
                "github_branch_protection.repo_protect_master": {
                    "type": "github_branch_protection",
                    "depends_on": [
                        "github_repository.repo"
                    ],
                    "primary": {
                        "id": "verify-event-system-alarm-notifier:master",
                        "attributes": {
                            "branch": "master",
                            "enforce_admins": "false",
                            "etag": "W/\"65a0bead73dc4f55ed2d82abaa6b0e95\"",
                            "id": "verify-event-system-alarm-notifier:master",
                            "repository": "verify-event-system-alarm-notifier",
                            "required_pull_request_reviews.#": "1",
                            "required_pull_request_reviews.0.dismiss_stale_reviews": "true",
                            "required_pull_request_reviews.0.dismissal_teams.#": "0",
                            "required_pull_request_reviews.0.dismissal_users.#": "0",
                            "required_pull_request_reviews.0.include_admins": "false",
                            "required_pull_request_reviews.0.require_code_owner_reviews": "false",
                            "required_pull_request_reviews.0.required_approving_review_count": "2",
                            "required_status_checks.#": "0",
                            "restrictions.#": "0"
                        },
                        "meta": {},
                        "tainted": false
                    },
                    "deposed": [],
                    "provider": "provider.github"
                },
                "github_repository.repo": {
                    "type": "github_repository",
                    "depends_on": [],
                    "primary": {
                        "id": "verify-event-system-alarm-notifier",
                        "attributes": {
                            "allow_merge_commit": "true",
                            "allow_rebase_merge": "false",
                            "allow_squash_merge": "false",
                            "archived": "false",
                            "auto_init": "true",
                            "default_branch": "master",
                            "description": "Lambda functions for monitoring alarm notifications",
                            "etag": "W/\"d2a2b28774bc426ff6c294b9e91492e6\"",
                            "full_name": "alphagov/verify-event-system-alarm-notifier",
                            "git_clone_url": "git://github.com/alphagov/verify-event-system-alarm-notifier.git",
                            "has_downloads": "false",
                            "has_issues": "true",
                            "has_wiki": "true",
                            "homepage_url": "",
                            "html_url": "https://github.com/alphagov/verify-event-system-alarm-notifier",
                            "http_clone_url": "https://github.com/alphagov/verify-event-system-alarm-notifier.git",
                            "id": "verify-event-system-alarm-notifier",
                            "name": "verify-event-system-alarm-notifier",
                            "private": "false",
                            "ssh_clone_url": "git@github.com:alphagov/verify-event-system-alarm-notifier.git",
                            "svn_url": "https://github.com/alphagov/verify-event-system-alarm-notifier",
                            "topics.#": "0"
                        },
                        "meta": {},
                        "tainted": false
                    },
                    "deposed": [],
                    "provider": "provider.github"
                },
                "github_team_repository.repo_team_push": {
                    "type": "github_team_repository",
                    "depends_on": [
                        "github_repository.repo"
                    ],
                    "primary": {
                        "id": "2826122:verify-event-system-alarm-notifier",
                        "attributes": {
                            "etag": "W/\"ab442c1a9f5cd23abb069ecde770e111\"",
                            "id": "2826122:verify-event-system-alarm-notifier",
                            "permission": "push",
                            "repository": "verify-event-system-alarm-notifier",
                            "team_id": "2826122"
                        },
                        "meta": {},
                        "tainted": false
                    },
                    "deposed": [],
                    "provider": "provider.github"
                }
            },
            "depends_on": []
        },
        {
            "path": [
                "root",
                "repo_verify_event_system_database_scripts"
            ],
            "outputs": {},
            "resources": {
                "github_branch_protection.repo_protect_master": {
                    "type": "github_branch_protection",
                    "depends_on": [
                        "github_repository.repo"
                    ],
                    "primary": {
                        "id": "verify-event-system-database-scripts:master",
                        "attributes": {
                            "branch": "master",
                            "enforce_admins": "false",
                            "etag": "W/\"69c36fa13a97e1e647b6ef5300c519ed\"",
                            "id": "verify-event-system-database-scripts:master",
                            "repository": "verify-event-system-database-scripts",
                            "required_pull_request_reviews.#": "1",
                            "required_pull_request_reviews.0.dismiss_stale_reviews": "true",
                            "required_pull_request_reviews.0.dismissal_teams.#": "0",
                            "required_pull_request_reviews.0.dismissal_users.#": "0",
                            "required_pull_request_reviews.0.include_admins": "false",
                            "required_pull_request_reviews.0.require_code_owner_reviews": "false",
                            "required_pull_request_reviews.0.required_approving_review_count": "2",
                            "required_status_checks.#": "0",
                            "restrictions.#": "0"
                        },
                        "meta": {},
                        "tainted": false
                    },
                    "deposed": [],
                    "provider": "provider.github"
                },
                "github_repository.repo": {
                    "type": "github_repository",
                    "depends_on": [],
                    "primary": {
                        "id": "verify-event-system-database-scripts",
                        "attributes": {
                            "allow_merge_commit": "true",
                            "allow_rebase_merge": "false",
                            "allow_squash_merge": "false",
                            "archived": "false",
                            "default_branch": "master",
                            "description": "SQL scripts and schemas for the Event System database",
                            "etag": "W/\"a7598e9af06294db651adbafabfb1004\"",
                            "full_name": "alphagov/verify-event-system-database-scripts",
                            "git_clone_url": "git://github.com/alphagov/verify-event-system-database-scripts.git",
                            "has_downloads": "false",
                            "has_issues": "true",
                            "has_wiki": "true",
                            "homepage_url": "",
                            "html_url": "https://github.com/alphagov/verify-event-system-database-scripts",
                            "http_clone_url": "https://github.com/alphagov/verify-event-system-database-scripts.git",
                            "id": "verify-event-system-database-scripts",
                            "name": "verify-event-system-database-scripts",
                            "private": "true",
                            "ssh_clone_url": "git@github.com:alphagov/verify-event-system-database-scripts.git",
                            "svn_url": "https://github.com/alphagov/verify-event-system-database-scripts",
                            "topics.#": "0"
                        },
                        "meta": {},
                        "tainted": false
                    },
                    "deposed": [],
                    "provider": "provider.github"
                },
                "github_repository_collaborator.repo_collaborator_pull": {
                    "type": "github_repository_collaborator",
                    "depends_on": [
                        "github_repository.repo"
                    ],
                    "primary": {
                        "id": "verify-event-system-database-scripts:verify-cd-read-only",
                        "attributes": {
                            "id": "verify-event-system-database-scripts:verify-cd-read-only",
                            "permission": "pull",
                            "repository": "verify-event-system-database-scripts",
                            "username": "verify-cd-read-only"
                        },
                        "meta": {},
                        "tainted": false
                    },
                    "deposed": [],
                    "provider": "provider.github"
                },
                "github_team_repository.repo_team_push": {
                    "type": "github_team_repository",
                    "depends_on": [
                        "github_repository.repo"
                    ],
                    "primary": {
                        "id": "2826122:verify-event-system-database-scripts",
                        "attributes": {
                            "etag": "W/\"03540ea2058571ce07a84de21e5f6a51\"",
                            "id": "2826122:verify-event-system-database-scripts",
                            "permission": "push",
                            "repository": "verify-event-system-database-scripts",
                            "team_id": "2826122"
                        },
                        "meta": {},
                        "tainted": false
                    },
                    "deposed": [],
                    "provider": "provider.github"
                }
            },
            "depends_on": []
        },
        {
            "path": [
                "root",
                "repo_verify_fabric"
            ],
            "outputs": {},
            "resources": {
                "github_branch_protection.repo_protect_master": {
                    "type": "github_branch_protection",
                    "depends_on": [],
                    "primary": {
                        "id": "verify-fabric:master",
                        "attributes": {
                            "branch": "master",
                            "enforce_admins": "false",
                            "etag": "W/\"82f9908bb17f19ad0a2ada201685fef9\"",
                            "id": "verify-fabric:master",
                            "repository": "verify-fabric",
                            "required_pull_request_reviews.#": "1",
                            "required_pull_request_reviews.0.dismiss_stale_reviews": "true",
                            "required_pull_request_reviews.0.dismissal_teams.#": "0",
                            "required_pull_request_reviews.0.dismissal_users.#": "0",
                            "required_pull_request_reviews.0.include_admins": "false",
                            "required_pull_request_reviews.0.require_code_owner_reviews": "false",
                            "required_pull_request_reviews.0.required_approving_review_count": "2",
                            "required_status_checks.#": "0",
                            "restrictions.#": "0"
                        },
                        "meta": {},
                        "tainted": false
                    },
                    "deposed": [],
                    "provider": "provider.github"
                },
                "github_repository.repo": {
                    "type": "github_repository",
                    "depends_on": [],
                    "primary": {
                        "id": "verify-fabric",
                        "attributes": {
                            "allow_merge_commit": "true",
                            "allow_rebase_merge": "false",
                            "allow_squash_merge": "false",
                            "archived": "false",
                            "auto_init": "true",
                            "default_branch": "master",
                            "description": " Fabric for Verify ",
                            "etag": "W/\"1a8f51cfabfbe60a38608442f5a718d3\"",
                            "full_name": "alphagov/verify-fabric",
                            "git_clone_url": "git://github.com/alphagov/verify-fabric.git",
                            "has_downloads": "false",
                            "has_issues": "true",
                            "has_wiki": "true",
                            "homepage_url": "",
                            "html_url": "https://github.com/alphagov/verify-fabric",
                            "http_clone_url": "https://github.com/alphagov/verify-fabric.git",
                            "id": "verify-fabric",
                            "name": "verify-fabric",
                            "private": "true",
                            "ssh_clone_url": "git@github.com:alphagov/verify-fabric.git",
                            "svn_url": "https://github.com/alphagov/verify-fabric",
                            "topics.#": "1",
                            "topics.2357015465": "verify"
                        },
                        "meta": {},
                        "tainted": false
                    },
                    "deposed": [],
                    "provider": "provider.github"
                },
                "github_team_repository.repo_team_push.0": {
                    "type": "github_team_repository",
                    "depends_on": [
                        "data.github_team.push_teams.*",
                        "github_repository.repo"
                    ],
                    "primary": {
                        "id": "2826122:verify-fabric",
                        "attributes": {
                            "etag": "W/\"296f1b62f6b72cf71a0279e602aaeab0\"",
                            "id": "2826122:verify-fabric",
                            "permission": "push",
                            "repository": "verify-fabric",
                            "team_id": "2826122"
                        },
                        "meta": {},
                        "tainted": false
                    },
                    "deposed": [],
                    "provider": "provider.github"
                },
                "github_team_repository.repo_team_push.1": {
                    "type": "github_team_repository",
                    "depends_on": [
                        "data.github_team.push_teams.*",
                        "github_repository.repo"
                    ],
                    "primary": {
                        "id": "2826127:verify-fabric",
                        "attributes": {
                            "etag": "W/\"296f1b62f6b72cf71a0279e602aaeab0\"",
                            "id": "2826127:verify-fabric",
                            "permission": "push",
                            "repository": "verify-fabric",
                            "team_id": "2826127"
                        },
                        "meta": {},
                        "tainted": false
                    },
                    "deposed": [],
                    "provider": "provider.github"
                }
            },
            "depends_on": []
        },
        {
            "path": [
                "root",
                "repo_verify_frontend"
            ],
            "outputs": {},
            "resources": {
                "github_branch_protection.repo_protect_master": {
                    "type": "github_branch_protection",
                    "depends_on": [],
                    "primary": {
                        "id": "verify-frontend:master",
                        "attributes": {
                            "branch": "master",
                            "enforce_admins": "false",
                            "etag": "W/\"45d0dbb7c3b916a3b608ccae27493a22\"",
                            "id": "verify-frontend:master",
                            "repository": "verify-frontend",
                            "required_pull_request_reviews.#": "1",
                            "required_pull_request_reviews.0.dismiss_stale_reviews": "true",
                            "required_pull_request_reviews.0.dismissal_teams.#": "0",
                            "required_pull_request_reviews.0.dismissal_users.#": "0",
                            "required_pull_request_reviews.0.include_admins": "false",
                            "required_pull_request_reviews.0.require_code_owner_reviews": "false",
                            "required_pull_request_reviews.0.required_approving_review_count": "2",
                            "required_status_checks.#": "0",
                            "restrictions.#": "0"
                        },
                        "meta": {},
                        "tainted": false
                    },
                    "deposed": [],
                    "provider": "provider.github"
                },
                "github_repository.repo": {
                    "type": "github_repository",
                    "depends_on": [],
                    "primary": {
                        "id": "verify-frontend",
                        "attributes": {
                            "allow_merge_commit": "true",
                            "allow_rebase_merge": "false",
                            "allow_squash_merge": "false",
                            "archived": "false",
                            "auto_init": "true",
                            "default_branch": "master",
                            "description": "The frontend service for GOV.UK Verify",
                            "etag": "W/\"5d977f17ab1016e6d62a77b6d734525e\"",
                            "full_name": "alphagov/verify-frontend",
                            "git_clone_url": "git://github.com/alphagov/verify-frontend.git",
                            "has_downloads": "false",
                            "has_issues": "true",
                            "has_wiki": "true",
                            "homepage_url": "",
                            "html_url": "https://github.com/alphagov/verify-frontend",
                            "http_clone_url": "https://github.com/alphagov/verify-frontend.git",
                            "id": "verify-frontend",
                            "name": "verify-frontend",
                            "private": "false",
                            "ssh_clone_url": "git@github.com:alphagov/verify-frontend.git",
                            "svn_url": "https://github.com/alphagov/verify-frontend",
                            "topics.#": "2",
                            "topics.2357015465": "verify",
                            "topics.2591869144": "frontend"
                        },
                        "meta": {},
                        "tainted": false
                    },
                    "deposed": [],
                    "provider": "provider.github"
                },
                "github_team_repository.repo_team_push": {
                    "type": "github_team_repository",
                    "depends_on": [
                        "data.github_team.push_teams.*",
                        "github_repository.repo"
                    ],
                    "primary": {
                        "id": "2826122:verify-frontend",
                        "attributes": {
                            "etag": "W/\"3a63e464a62dcd90301d5b6985f62b53\"",
                            "id": "2826122:verify-frontend",
                            "permission": "push",
                            "repository": "verify-frontend",
                            "team_id": "2826122"
                        },
                        "meta": {},
                        "tainted": false
                    },
                    "deposed": [],
                    "provider": "provider.github"
                }
            },
            "depends_on": []
        },
        {
            "path": [
                "root",
                "repo_verify_frontend_federation_config"
            ],
            "outputs": {},
            "resources": {
                "github_branch_protection.repo_protect_master": {
                    "type": "github_branch_protection",
                    "depends_on": [],
                    "primary": {
                        "id": "verify-frontend-federation-config:master",
                        "attributes": {
                            "branch": "master",
                            "enforce_admins": "false",
                            "etag": "W/\"34f44cd2c8b7b3008a6388524e17ab6d\"",
                            "id": "verify-frontend-federation-config:master",
                            "repository": "verify-frontend-federation-config",
                            "required_pull_request_reviews.#": "1",
                            "required_pull_request_reviews.0.dismiss_stale_reviews": "true",
                            "required_pull_request_reviews.0.dismissal_teams.#": "0",
                            "required_pull_request_reviews.0.dismissal_users.#": "0",
                            "required_pull_request_reviews.0.include_admins": "false",
                            "required_pull_request_reviews.0.require_code_owner_reviews": "false",
                            "required_pull_request_reviews.0.required_approving_review_count": "2",
                            "required_status_checks.#": "0",
                            "restrictions.#": "0"
                        },
                        "meta": {},
                        "tainted": false
                    },
                    "deposed": [],
                    "provider": "provider.github"
                },
                "github_repository.repo": {
                    "type": "github_repository",
                    "depends_on": [],
                    "primary": {
                        "id": "verify-frontend-federation-config",
                        "attributes": {
                            "allow_merge_commit": "true",
                            "allow_rebase_merge": "false",
                            "allow_squash_merge": "false",
                            "archived": "false",
                            "auto_init": "true",
                            "default_branch": "master",
                            "description": "Federation configuration for the Verify frontend",
                            "etag": "W/\"a81f1019dca1eb15dd68c87f1007d76e\"",
                            "full_name": "alphagov/verify-frontend-federation-config",
                            "git_clone_url": "git://github.com/alphagov/verify-frontend-federation-config.git",
                            "has_downloads": "false",
                            "has_issues": "true",
                            "has_wiki": "true",
                            "homepage_url": "",
                            "html_url": "https://github.com/alphagov/verify-frontend-federation-config",
                            "http_clone_url": "https://github.com/alphagov/verify-frontend-federation-config.git",
                            "id": "verify-frontend-federation-config",
                            "name": "verify-frontend-federation-config",
                            "private": "true",
                            "ssh_clone_url": "git@github.com:alphagov/verify-frontend-federation-config.git",
                            "svn_url": "https://github.com/alphagov/verify-frontend-federation-config",
                            "topics.#": "1",
                            "topics.2357015465": "verify"
                        },
                        "meta": {},
                        "tainted": false
                    },
                    "deposed": [],
                    "provider": "provider.github"
                },
                "github_team_repository.repo_team_push": {
                    "type": "github_team_repository",
                    "depends_on": [
                        "data.github_team.push_teams.*",
                        "github_repository.repo"
                    ],
                    "primary": {
                        "id": "2826122:verify-frontend-federation-config",
                        "attributes": {
                            "etag": "W/\"1b8dbe9b02f3c1c0119cbae15d85f08b\"",
                            "id": "2826122:verify-frontend-federation-config",
                            "permission": "push",
                            "repository": "verify-frontend-federation-config",
                            "team_id": "2826122"
                        },
                        "meta": {},
                        "tainted": false
                    },
                    "deposed": [],
                    "provider": "provider.github"
                }
            },
            "depends_on": []
        },
        {
            "path": [
                "root",
                "repo_verify_german_eidas_middleware"
            ],
            "outputs": {},
            "resources": {
                "github_branch_protection.repo_protect_master": {
                    "type": "github_branch_protection",
                    "depends_on": [],
                    "primary": {
                        "id": "verify-german-eidas-middleware:master",
                        "attributes": {
                            "branch": "master",
                            "enforce_admins": "false",
                            "etag": "W/\"01809e4f60dd0d15ee1690745699b260\"",
                            "id": "verify-german-eidas-middleware:master",
                            "repository": "verify-german-eidas-middleware",
                            "required_pull_request_reviews.#": "1",
                            "required_pull_request_reviews.0.dismiss_stale_reviews": "true",
                            "required_pull_request_reviews.0.dismissal_teams.#": "0",
                            "required_pull_request_reviews.0.dismissal_users.#": "0",
                            "required_pull_request_reviews.0.include_admins": "false",
                            "required_pull_request_reviews.0.require_code_owner_reviews": "false",
                            "required_pull_request_reviews.0.required_approving_review_count": "2",
                            "required_status_checks.#": "0",
                            "restrictions.#": "0"
                        },
                        "meta": {},
                        "tainted": false
                    },
                    "deposed": [],
                    "provider": "provider.github"
                },
                "github_repository.repo": {
                    "type": "github_repository",
                    "depends_on": [],
                    "primary": {
                        "id": "verify-german-eidas-middleware",
                        "attributes": {
                            "allow_merge_commit": "true",
                            "allow_rebase_merge": "false",
                            "allow_squash_merge": "false",
                            "archived": "false",
                            "auto_init": "true",
                            "default_branch": "master",
                            "description": "",
                            "etag": "W/\"be4987806936591a95c12ac9f41c6174\"",
                            "full_name": "alphagov/verify-german-eidas-middleware",
                            "git_clone_url": "git://github.com/alphagov/verify-german-eidas-middleware.git",
                            "has_downloads": "false",
                            "has_issues": "true",
                            "has_wiki": "true",
                            "homepage_url": "",
                            "html_url": "https://github.com/alphagov/verify-german-eidas-middleware",
                            "http_clone_url": "https://github.com/alphagov/verify-german-eidas-middleware.git",
                            "id": "verify-german-eidas-middleware",
                            "name": "verify-german-eidas-middleware",
                            "private": "false",
                            "ssh_clone_url": "git@github.com:alphagov/verify-german-eidas-middleware.git",
                            "svn_url": "https://github.com/alphagov/verify-german-eidas-middleware",
                            "topics.#": "1",
                            "topics.2357015465": "verify"
                        },
                        "meta": {},
                        "tainted": false
                    },
                    "deposed": [],
                    "provider": "provider.github"
                },
                "github_team_repository.repo_team_push": {
                    "type": "github_team_repository",
                    "depends_on": [
                        "data.github_team.push_teams.*",
                        "github_repository.repo"
                    ],
                    "primary": {
                        "id": "2826126:verify-german-eidas-middleware",
                        "attributes": {
                            "etag": "W/\"cfb73b4fb47109bc35971daa03bd2108\"",
                            "id": "2826126:verify-german-eidas-middleware",
                            "permission": "push",
                            "repository": "verify-german-eidas-middleware",
                            "team_id": "2826126"
                        },
                        "meta": {},
                        "tainted": false
                    },
                    "deposed": [],
                    "provider": "provider.github"
                }
            },
            "depends_on": []
        },
        {
            "path": [
                "root",
                "repo_verify_hub"
            ],
            "outputs": {},
            "resources": {
                "github_branch_protection.repo_protect_master": {
                    "type": "github_branch_protection",
                    "depends_on": [
                        "github_repository.repo"
                    ],
                    "primary": {
                        "id": "verify-hub:master",
                        "attributes": {
                            "branch": "master",
                            "enforce_admins": "false",
                            "etag": "W/\"e479316667af8785dd3d6828bd936724\"",
                            "id": "verify-hub:master",
                            "repository": "verify-hub",
                            "required_pull_request_reviews.#": "1",
                            "required_pull_request_reviews.0.dismiss_stale_reviews": "true",
                            "required_pull_request_reviews.0.dismissal_teams.#": "0",
                            "required_pull_request_reviews.0.dismissal_users.#": "0",
                            "required_pull_request_reviews.0.include_admins": "false",
                            "required_pull_request_reviews.0.require_code_owner_reviews": "false",
                            "required_pull_request_reviews.0.required_approving_review_count": "2",
                            "required_status_checks.#": "0",
                            "restrictions.#": "0"
                        },
                        "meta": {},
                        "tainted": false
                    },
                    "deposed": [],
                    "provider": "provider.github"
                },
                "github_repository.repo": {
                    "type": "github_repository",
                    "depends_on": [],
                    "primary": {
                        "id": "verify-hub",
                        "attributes": {
                            "allow_merge_commit": "true",
                            "allow_rebase_merge": "false",
                            "allow_squash_merge": "false",
                            "archived": "false",
                            "auto_init": "true",
                            "default_branch": "master",
                            "description": "Verify Hub Microservices",
                            "etag": "W/\"badcd5176926e2a22267476d84c8fb4d\"",
                            "full_name": "alphagov/verify-hub",
                            "git_clone_url": "git://github.com/alphagov/verify-hub.git",
                            "has_downloads": "false",
                            "has_issues": "true",
                            "has_wiki": "true",
                            "homepage_url": "",
                            "html_url": "https://github.com/alphagov/verify-hub",
                            "http_clone_url": "https://github.com/alphagov/verify-hub.git",
                            "id": "verify-hub",
                            "name": "verify-hub",
                            "private": "false",
                            "ssh_clone_url": "git@github.com:alphagov/verify-hub.git",
                            "svn_url": "https://github.com/alphagov/verify-hub",
                            "topics.#": "1",
                            "topics.2357015465": "verify"
                        },
                        "meta": {},
                        "tainted": false
                    },
                    "deposed": [],
                    "provider": "provider.github"
                },
                "github_team_repository.repo_team_push": {
                    "type": "github_team_repository",
                    "depends_on": [
                        "data.github_team.teams.*",
                        "github_repository.repo"
                    ],
                    "primary": {
                        "id": "2826122:verify-hub",
                        "attributes": {
                            "etag": "W/\"a50b834610b72f28227704b6e7ae2219\"",
                            "id": "2826122:verify-hub",
                            "permission": "push",
                            "repository": "verify-hub",
                            "team_id": "2826122"
                        },
                        "meta": {},
                        "tainted": false
                    },
                    "deposed": [],
                    "provider": "provider.github"
                }
            },
            "depends_on": []
        },
        {
            "path": [
                "root",
                "repo_verify_hub_federation_config"
            ],
            "outputs": {},
            "resources": {
                "github_branch_protection.repo_protect_master": {
                    "type": "github_branch_protection",
                    "depends_on": [],
                    "primary": {
                        "id": "verify-hub-federation-config:master",
                        "attributes": {
                            "branch": "master",
                            "enforce_admins": "false",
                            "etag": "W/\"ee268b8bf4437e8a4e403d7521e71d81\"",
                            "id": "verify-hub-federation-config:master",
                            "repository": "verify-hub-federation-config",
                            "required_pull_request_reviews.#": "1",
                            "required_pull_request_reviews.0.dismiss_stale_reviews": "true",
                            "required_pull_request_reviews.0.dismissal_teams.#": "0",
                            "required_pull_request_reviews.0.dismissal_users.#": "0",
                            "required_pull_request_reviews.0.include_admins": "false",
                            "required_pull_request_reviews.0.require_code_owner_reviews": "false",
                            "required_pull_request_reviews.0.required_approving_review_count": "2",
                            "required_status_checks.#": "0",
                            "restrictions.#": "0"
                        },
                        "meta": {},
                        "tainted": false
                    },
                    "deposed": [],
                    "provider": "provider.github"
                },
                "github_repository.repo": {
                    "type": "github_repository",
                    "depends_on": [],
                    "primary": {
                        "id": "verify-hub-federation-config",
                        "attributes": {
                            "allow_merge_commit": "true",
                            "allow_rebase_merge": "false",
                            "allow_squash_merge": "false",
                            "archived": "false",
                            "auto_init": "true",
                            "default_branch": "master",
                            "description": "Verify Hub federation configuration",
                            "etag": "W/\"6b3eb67635de245142e1ccace18e13f3\"",
                            "full_name": "alphagov/verify-hub-federation-config",
                            "git_clone_url": "git://github.com/alphagov/verify-hub-federation-config.git",
                            "has_downloads": "false",
                            "has_issues": "true",
                            "has_wiki": "true",
                            "homepage_url": "",
                            "html_url": "https://github.com/alphagov/verify-hub-federation-config",
                            "http_clone_url": "https://github.com/alphagov/verify-hub-federation-config.git",
                            "id": "verify-hub-federation-config",
                            "name": "verify-hub-federation-config",
                            "private": "true",
                            "ssh_clone_url": "git@github.com:alphagov/verify-hub-federation-config.git",
                            "svn_url": "https://github.com/alphagov/verify-hub-federation-config",
                            "topics.#": "1",
                            "topics.2357015465": "verify"
                        },
                        "meta": {},
                        "tainted": false
                    },
                    "deposed": [],
                    "provider": "provider.github"
                },
                "github_team_repository.repo_team_push": {
                    "type": "github_team_repository",
                    "depends_on": [
                        "data.github_team.teams.*",
                        "github_repository.repo"
                    ],
                    "primary": {
                        "id": "2826122:verify-hub-federation-config",
                        "attributes": {
                            "etag": "W/\"90956581f399b70df4313faad38cf9fe\"",
                            "id": "2826122:verify-hub-federation-config",
                            "permission": "push",
                            "repository": "verify-hub-federation-config",
                            "team_id": "2826122"
                        },
                        "meta": {},
                        "tainted": false
                    },
                    "deposed": [],
                    "provider": "provider.github"
                }
            },
            "depends_on": []
        },
        {
            "path": [
                "root",
                "repo_verify_idp_pid_hasherator"
            ],
            "outputs": {},
            "resources": {
                "github_branch_protection.repo_protect_master": {
                    "type": "github_branch_protection",
                    "depends_on": [
                        "github_repository.repo"
                    ],
                    "primary": {
                        "id": "verify-idp-pid-hasherator:master",
                        "attributes": {
                            "branch": "master",
                            "enforce_admins": "false",
                            "etag": "W/\"1e50c3ff99b2ef8795eff251314f08b1\"",
                            "id": "verify-idp-pid-hasherator:master",
                            "repository": "verify-idp-pid-hasherator",
                            "required_pull_request_reviews.#": "1",
                            "required_pull_request_reviews.0.dismiss_stale_reviews": "true",
                            "required_pull_request_reviews.0.dismissal_teams.#": "0",
                            "required_pull_request_reviews.0.dismissal_users.#": "0",
                            "required_pull_request_reviews.0.include_admins": "false",
                            "required_pull_request_reviews.0.require_code_owner_reviews": "false",
                            "required_pull_request_reviews.0.required_approving_review_count": "2",
                            "required_status_checks.#": "0",
                            "restrictions.#": "0"
                        },
                        "meta": {},
                        "tainted": false
                    },
                    "deposed": [],
                    "provider": "provider.github"
                },
                "github_repository.repo": {
                    "type": "github_repository",
                    "depends_on": [],
                    "primary": {
                        "id": "verify-idp-pid-hasherator",
                        "attributes": {
                            "allow_merge_commit": "true",
                            "allow_rebase_merge": "false",
                            "allow_squash_merge": "false",
                            "archived": "false",
                            "default_branch": "master",
                            "description": "Hash event PIDs from IDP reports for reconciliation",
                            "etag": "W/\"8bddabf7830418100c2056be67d79714\"",
                            "full_name": "alphagov/verify-idp-pid-hasherator",
                            "git_clone_url": "git://github.com/alphagov/verify-idp-pid-hasherator.git",
                            "has_downloads": "false",
                            "has_issues": "true",
                            "has_wiki": "true",
                            "homepage_url": "",
                            "html_url": "https://github.com/alphagov/verify-idp-pid-hasherator",
                            "http_clone_url": "https://github.com/alphagov/verify-idp-pid-hasherator.git",
                            "id": "verify-idp-pid-hasherator",
                            "name": "verify-idp-pid-hasherator",
                            "private": "false",
                            "ssh_clone_url": "git@github.com:alphagov/verify-idp-pid-hasherator.git",
                            "svn_url": "https://github.com/alphagov/verify-idp-pid-hasherator",
                            "topics.#": "0"
                        },
                        "meta": {},
                        "tainted": false
                    },
                    "deposed": [],
                    "provider": "provider.github"
                },
                "github_team_repository.repo_team_push": {
                    "type": "github_team_repository",
                    "depends_on": [
                        "github_repository.repo"
                    ],
                    "primary": {
                        "id": "2826122:verify-idp-pid-hasherator",
                        "attributes": {
                            "etag": "W/\"4fec54e0da6b13a81608e60b4212ed08\"",
                            "id": "2826122:verify-idp-pid-hasherator",
                            "permission": "push",
                            "repository": "verify-idp-pid-hasherator",
                            "team_id": "2826122"
                        },
                        "meta": {},
                        "tainted": false
                    },
                    "deposed": [],
                    "provider": "provider.github"
                }
            },
            "depends_on": []
        },
        {
            "path": [
                "root",
                "repo_verify_idp_predictor"
            ],
            "outputs": {},
            "resources": {
                "github_branch_protection.repo_protect_master": {
                    "type": "github_branch_protection",
                    "depends_on": [
                        "github_repository.repo"
                    ],
                    "primary": {
                        "id": "verify-idp-predictor:master",
                        "attributes": {
                            "branch": "master",
                            "enforce_admins": "false",
                            "etag": "W/\"8c7f5ae9b5caf2de4d55da9ecc6b0227\"",
                            "id": "verify-idp-predictor:master",
                            "repository": "verify-idp-predictor",
                            "required_pull_request_reviews.#": "1",
                            "required_pull_request_reviews.0.dismiss_stale_reviews": "true",
                            "required_pull_request_reviews.0.dismissal_teams.#": "0",
                            "required_pull_request_reviews.0.dismissal_users.#": "0",
                            "required_pull_request_reviews.0.include_admins": "false",
                            "required_pull_request_reviews.0.require_code_owner_reviews": "false",
                            "required_pull_request_reviews.0.required_approving_review_count": "2",
                            "required_status_checks.#": "0",
                            "restrictions.#": "0"
                        },
                        "meta": {},
                        "tainted": false
                    },
                    "deposed": [],
                    "provider": "provider.github"
                },
                "github_repository.repo": {
                    "type": "github_repository",
                    "depends_on": [],
                    "primary": {
                        "id": "verify-idp-predictor",
                        "attributes": {
                            "allow_merge_commit": "true",
                            "allow_rebase_merge": "false",
                            "allow_squash_merge": "false",
                            "archived": "false",
                            "default_branch": "master",
                            "description": "The IDP Predictor for GOV.UK Verify.",
                            "etag": "W/\"3517165db71d80e3986dd1427aa3524b\"",
                            "full_name": "alphagov/verify-idp-predictor",
                            "git_clone_url": "git://github.com/alphagov/verify-idp-predictor.git",
                            "has_downloads": "false",
                            "has_issues": "true",
                            "has_wiki": "true",
                            "homepage_url": "",
                            "html_url": "https://github.com/alphagov/verify-idp-predictor",
                            "http_clone_url": "https://github.com/alphagov/verify-idp-predictor.git",
                            "id": "verify-idp-predictor",
                            "name": "verify-idp-predictor",
                            "private": "true",
                            "ssh_clone_url": "git@github.com:alphagov/verify-idp-predictor.git",
                            "svn_url": "https://github.com/alphagov/verify-idp-predictor",
                            "topics.#": "0"
                        },
                        "meta": {},
                        "tainted": false
                    },
                    "deposed": [],
                    "provider": "provider.github"
                },
                "github_team_repository.repo_team_push": {
                    "type": "github_team_repository",
                    "depends_on": [
                        "data.github_team.push_teams.*",
                        "github_repository.repo"
                    ],
                    "primary": {
                        "id": "2826122:verify-idp-predictor",
                        "attributes": {
                            "etag": "W/\"fd5a6e0d9fd9174c8165e3a14ee2a5ce\"",
                            "id": "2826122:verify-idp-predictor",
                            "permission": "push",
                            "repository": "verify-idp-predictor",
                            "team_id": "2826122"
                        },
                        "meta": {},
                        "tainted": false
                    },
                    "deposed": [],
                    "provider": "provider.github"
                }
            },
            "depends_on": []
        },
        {
            "path": [
                "root",
                "repo_verify_il3_laptop_bootstrap"
            ],
            "outputs": {},
            "resources": {
                "github_branch_protection.repo_protect_master": {
                    "type": "github_branch_protection",
                    "depends_on": [
                        "github_repository.repo"
                    ],
                    "primary": {
                        "id": "verify-il3-laptop-bootstrap:master",
                        "attributes": {
                            "branch": "master",
                            "enforce_admins": "false",
                            "etag": "W/\"6def772487f1cc0968aec8f9d1f2d3ce\"",
                            "id": "verify-il3-laptop-bootstrap:master",
                            "repository": "verify-il3-laptop-bootstrap",
                            "required_pull_request_reviews.#": "1",
                            "required_pull_request_reviews.0.dismiss_stale_reviews": "true",
                            "required_pull_request_reviews.0.dismissal_teams.#": "0",
                            "required_pull_request_reviews.0.dismissal_users.#": "0",
                            "required_pull_request_reviews.0.include_admins": "false",
                            "required_pull_request_reviews.0.require_code_owner_reviews": "false",
                            "required_pull_request_reviews.0.required_approving_review_count": "2",
                            "required_status_checks.#": "0",
                            "restrictions.#": "0"
                        },
                        "meta": {},
                        "tainted": false
                    },
                    "deposed": [],
                    "provider": "provider.github"
                },
                "github_repository.repo": {
                    "type": "github_repository",
                    "depends_on": [],
                    "primary": {
                        "id": "verify-il3-laptop-bootstrap",
                        "attributes": {
                            "allow_merge_commit": "true",
                            "allow_rebase_merge": "false",
                            "allow_squash_merge": "false",
                            "archived": "false",
                            "auto_init": "true",
                            "default_branch": "master",
                            "description": "A simple set of shell scripts to set up a secure build laptop for Verify",
                            "etag": "W/\"54cd0d98dffeca648adf33bb2488e88a\"",
                            "full_name": "alphagov/verify-il3-laptop-bootstrap",
                            "git_clone_url": "git://github.com/alphagov/verify-il3-laptop-bootstrap.git",
                            "has_downloads": "false",
                            "has_issues": "true",
                            "has_wiki": "true",
                            "homepage_url": "",
                            "html_url": "https://github.com/alphagov/verify-il3-laptop-bootstrap",
                            "http_clone_url": "https://github.com/alphagov/verify-il3-laptop-bootstrap.git",
                            "id": "verify-il3-laptop-bootstrap",
                            "name": "verify-il3-laptop-bootstrap",
                            "private": "true",
                            "ssh_clone_url": "git@github.com:alphagov/verify-il3-laptop-bootstrap.git",
                            "svn_url": "https://github.com/alphagov/verify-il3-laptop-bootstrap",
                            "topics.#": "1",
                            "topics.2357015465": "verify"
                        },
                        "meta": {},
                        "tainted": false
                    },
                    "deposed": [],
                    "provider": "provider.github"
                },
                "github_team_repository.repo_team_push.0": {
                    "type": "github_team_repository",
                    "depends_on": [
                        "data.github_team.push_teams.*",
                        "github_repository.repo"
                    ],
                    "primary": {
                        "id": "2826122:verify-il3-laptop-bootstrap",
                        "attributes": {
                            "etag": "W/\"ed0c4b8e6bf2872fe97c525bf3b7ad20\"",
                            "id": "2826122:verify-il3-laptop-bootstrap",
                            "permission": "push",
                            "repository": "verify-il3-laptop-bootstrap",
                            "team_id": "2826122"
                        },
                        "meta": {},
                        "tainted": false
                    },
                    "deposed": [],
                    "provider": "provider.github"
                },
                "github_team_repository.repo_team_push.1": {
                    "type": "github_team_repository",
                    "depends_on": [
                        "data.github_team.push_teams.*",
                        "github_repository.repo"
                    ],
                    "primary": {
                        "id": "2826127:verify-il3-laptop-bootstrap",
                        "attributes": {
                            "etag": "W/\"ed0c4b8e6bf2872fe97c525bf3b7ad20\"",
                            "id": "2826127:verify-il3-laptop-bootstrap",
                            "permission": "push",
                            "repository": "verify-il3-laptop-bootstrap",
                            "team_id": "2826127"
                        },
                        "meta": {},
                        "tainted": false
                    },
                    "deposed": [],
                    "provider": "provider.github"
                }
            },
            "depends_on": []
        },
        {
            "path": [
                "root",
                "repo_verify_infrastructure"
            ],
            "outputs": {},
            "resources": {
                "github_branch_protection.repo_protect_master": {
                    "type": "github_branch_protection",
                    "depends_on": [
                        "github_repository.repo"
                    ],
                    "primary": {
                        "id": "verify-infrastructure:master",
                        "attributes": {
                            "branch": "master",
                            "enforce_admins": "false",
                            "etag": "W/\"a3fe3e8d669cb62dbb2a846e96f096aa\"",
                            "id": "verify-infrastructure:master",
                            "repository": "verify-infrastructure",
                            "required_pull_request_reviews.#": "1",
                            "required_pull_request_reviews.0.dismiss_stale_reviews": "true",
                            "required_pull_request_reviews.0.dismissal_teams.#": "0",
                            "required_pull_request_reviews.0.dismissal_users.#": "0",
                            "required_pull_request_reviews.0.include_admins": "false",
                            "required_pull_request_reviews.0.require_code_owner_reviews": "false",
                            "required_pull_request_reviews.0.required_approving_review_count": "2",
                            "required_status_checks.#": "0",
                            "restrictions.#": "0"
                        },
                        "meta": {},
                        "tainted": false
                    },
                    "deposed": [],
                    "provider": "provider.github"
                },
                "github_repository.repo": {
                    "type": "github_repository",
                    "depends_on": [],
                    "primary": {
                        "id": "verify-infrastructure",
                        "attributes": {
                            "allow_merge_commit": "true",
                            "allow_rebase_merge": "false",
                            "allow_squash_merge": "false",
                            "archived": "false",
                            "default_branch": "master",
                            "description": "Infrastructure code for Verify Hub ECS",
                            "etag": "W/\"ad689ed554a768885df307fc4c7dcb92\"",
                            "full_name": "alphagov/verify-infrastructure",
                            "git_clone_url": "git://github.com/alphagov/verify-infrastructure.git",
                            "has_downloads": "false",
                            "has_issues": "true",
                            "has_wiki": "true",
                            "homepage_url": "",
                            "html_url": "https://github.com/alphagov/verify-infrastructure",
                            "http_clone_url": "https://github.com/alphagov/verify-infrastructure.git",
                            "id": "verify-infrastructure",
                            "name": "verify-infrastructure",
                            "private": "false",
                            "ssh_clone_url": "git@github.com:alphagov/verify-infrastructure.git",
                            "svn_url": "https://github.com/alphagov/verify-infrastructure",
                            "topics.#": "0"
                        },
                        "meta": {},
                        "tainted": false
                    },
                    "deposed": [],
                    "provider": "provider.github"
                },
                "github_team_repository.repo_team_push.0": {
                    "type": "github_team_repository",
                    "depends_on": [
                        "data.github_team.push_teams.*",
                        "github_repository.repo"
                    ],
                    "primary": {
                        "id": "2826122:verify-infrastructure",
                        "attributes": {
                            "etag": "W/\"b00d61610e1686f41a92b912de3578cb\"",
                            "id": "2826122:verify-infrastructure",
                            "permission": "push",
                            "repository": "verify-infrastructure",
                            "team_id": "2826122"
                        },
                        "meta": {},
                        "tainted": false
                    },
                    "deposed": [],
                    "provider": "provider.github"
                },
                "github_team_repository.repo_team_push.1": {
                    "type": "github_team_repository",
                    "depends_on": [
                        "data.github_team.push_teams.*",
                        "github_repository.repo"
                    ],
                    "primary": {
                        "id": "2826127:verify-infrastructure",
                        "attributes": {
                            "etag": "W/\"b00d61610e1686f41a92b912de3578cb\"",
                            "id": "2826127:verify-infrastructure",
                            "permission": "push",
                            "repository": "verify-infrastructure",
                            "team_id": "2826127"
                        },
                        "meta": {},
                        "tainted": false
                    },
                    "deposed": [],
                    "provider": "provider.github"
                }
            },
            "depends_on": []
        },
        {
            "path": [
                "root",
                "repo_verify_infrastructure_config"
            ],
            "outputs": {},
            "resources": {
                "github_branch_protection.repo_protect_master": {
                    "type": "github_branch_protection",
                    "depends_on": [
                        "github_repository.repo"
                    ],
                    "primary": {
                        "id": "verify-infrastructure-config:master",
                        "attributes": {
                            "branch": "master",
                            "enforce_admins": "false",
                            "etag": "W/\"f856f869f40019f551403a11f66b21f4\"",
                            "id": "verify-infrastructure-config:master",
                            "repository": "verify-infrastructure-config",
                            "required_pull_request_reviews.#": "1",
                            "required_pull_request_reviews.0.dismiss_stale_reviews": "true",
                            "required_pull_request_reviews.0.dismissal_teams.#": "0",
                            "required_pull_request_reviews.0.dismissal_users.#": "0",
                            "required_pull_request_reviews.0.include_admins": "false",
                            "required_pull_request_reviews.0.require_code_owner_reviews": "false",
                            "required_pull_request_reviews.0.required_approving_review_count": "2",
                            "required_status_checks.#": "0",
                            "restrictions.#": "0"
                        },
                        "meta": {},
                        "tainted": false
                    },
                    "deposed": [],
                    "provider": "provider.github"
                },
                "github_repository.repo": {
                    "type": "github_repository",
                    "depends_on": [],
                    "primary": {
                        "id": "verify-infrastructure-config",
                        "attributes": {
                            "allow_merge_commit": "true",
                            "allow_rebase_merge": "false",
                            "allow_squash_merge": "false",
                            "archived": "false",
                            "default_branch": "master",
                            "description": "ECS Hub Config (including the CI/CD pipeline)",
                            "etag": "W/\"bb808d5a7913e37fb149205de518c3ec\"",
                            "full_name": "alphagov/verify-infrastructure-config",
                            "git_clone_url": "git://github.com/alphagov/verify-infrastructure-config.git",
                            "has_downloads": "false",
                            "has_issues": "true",
                            "has_wiki": "true",
                            "homepage_url": "",
                            "html_url": "https://github.com/alphagov/verify-infrastructure-config",
                            "http_clone_url": "https://github.com/alphagov/verify-infrastructure-config.git",
                            "id": "verify-infrastructure-config",
                            "name": "verify-infrastructure-config",
                            "private": "true",
                            "ssh_clone_url": "git@github.com:alphagov/verify-infrastructure-config.git",
                            "svn_url": "https://github.com/alphagov/verify-infrastructure-config",
                            "topics.#": "0"
                        },
                        "meta": {},
                        "tainted": false
                    },
                    "deposed": [],
                    "provider": "provider.github"
                },
                "github_team_repository.repo_team_push.0": {
                    "type": "github_team_repository",
                    "depends_on": [
                        "data.github_team.push_teams.*",
                        "github_repository.repo"
                    ],
                    "primary": {
                        "id": "2826122:verify-infrastructure-config",
                        "attributes": {
                            "etag": "W/\"c0b358d8f5467352939a7e4400cb4ceb\"",
                            "id": "2826122:verify-infrastructure-config",
                            "permission": "push",
                            "repository": "verify-infrastructure-config",
                            "team_id": "2826122"
                        },
                        "meta": {},
                        "tainted": false
                    },
                    "deposed": [],
                    "provider": "provider.github"
                },
                "github_team_repository.repo_team_push.1": {
                    "type": "github_team_repository",
                    "depends_on": [
                        "data.github_team.push_teams.*",
                        "github_repository.repo"
                    ],
                    "primary": {
                        "id": "2826127:verify-infrastructure-config",
                        "attributes": {
                            "etag": "W/\"c0b358d8f5467352939a7e4400cb4ceb\"",
                            "id": "2826127:verify-infrastructure-config",
                            "permission": "push",
                            "repository": "verify-infrastructure-config",
                            "team_id": "2826127"
                        },
                        "meta": {},
                        "tainted": false
                    },
                    "deposed": [],
                    "provider": "provider.github"
                }
            },
            "depends_on": []
        },
        {
            "path": [
                "root",
                "repo_verify_jenkins_job_builder"
            ],
            "outputs": {},
            "resources": {
                "github_branch_protection.repo_protect_master": {
                    "type": "github_branch_protection",
                    "depends_on": [],
                    "primary": {
                        "id": "verify-jenkins-job-builder:master",
                        "attributes": {
                            "branch": "master",
                            "enforce_admins": "false",
                            "etag": "W/\"a7c4805d1453c5d99a3ef0dde580c5cc\"",
                            "id": "verify-jenkins-job-builder:master",
                            "repository": "verify-jenkins-job-builder",
                            "required_pull_request_reviews.#": "1",
                            "required_pull_request_reviews.0.dismiss_stale_reviews": "true",
                            "required_pull_request_reviews.0.dismissal_teams.#": "0",
                            "required_pull_request_reviews.0.dismissal_users.#": "0",
                            "required_pull_request_reviews.0.include_admins": "false",
                            "required_pull_request_reviews.0.require_code_owner_reviews": "false",
                            "required_pull_request_reviews.0.required_approving_review_count": "2",
                            "required_status_checks.#": "0",
                            "restrictions.#": "0"
                        },
                        "meta": {},
                        "tainted": false
                    },
                    "deposed": [],
                    "provider": "provider.github"
                },
                "github_repository.repo": {
                    "type": "github_repository",
                    "depends_on": [],
                    "primary": {
                        "id": "verify-jenkins-job-builder",
                        "attributes": {
                            "allow_merge_commit": "true",
                            "allow_rebase_merge": "false",
                            "allow_squash_merge": "false",
                            "archived": "false",
                            "auto_init": "true",
                            "default_branch": "master",
                            "description": "Verify Jenkins Job Builder configuration",
                            "etag": "W/\"dbe9a18dbd35ec204dcf5a42af587826\"",
                            "full_name": "alphagov/verify-jenkins-job-builder",
                            "git_clone_url": "git://github.com/alphagov/verify-jenkins-job-builder.git",
                            "has_downloads": "false",
                            "has_issues": "true",
                            "has_wiki": "true",
                            "homepage_url": "",
                            "html_url": "https://github.com/alphagov/verify-jenkins-job-builder",
                            "http_clone_url": "https://github.com/alphagov/verify-jenkins-job-builder.git",
                            "id": "verify-jenkins-job-builder",
                            "name": "verify-jenkins-job-builder",
                            "private": "true",
                            "ssh_clone_url": "git@github.com:alphagov/verify-jenkins-job-builder.git",
                            "svn_url": "https://github.com/alphagov/verify-jenkins-job-builder",
                            "topics.#": "1",
                            "topics.2357015465": "verify"
                        },
                        "meta": {},
                        "tainted": false
                    },
                    "deposed": [],
                    "provider": "provider.github"
                },
                "github_team_repository.repo_team_push.0": {
                    "type": "github_team_repository",
                    "depends_on": [
                        "data.github_team.push_teams.*",
                        "github_repository.repo"
                    ],
                    "primary": {
                        "id": "2826122:verify-jenkins-job-builder",
                        "attributes": {
                            "etag": "W/\"a8352ac9035d9dd8bccf91f4ad99befb\"",
                            "id": "2826122:verify-jenkins-job-builder",
                            "permission": "push",
                            "repository": "verify-jenkins-job-builder",
                            "team_id": "2826122"
                        },
                        "meta": {},
                        "tainted": false
                    },
                    "deposed": [],
                    "provider": "provider.github"
                },
                "github_team_repository.repo_team_push.1": {
                    "type": "github_team_repository",
                    "depends_on": [
                        "data.github_team.push_teams.*",
                        "github_repository.repo"
                    ],
                    "primary": {
                        "id": "2826127:verify-jenkins-job-builder",
                        "attributes": {
                            "etag": "W/\"a8352ac9035d9dd8bccf91f4ad99befb\"",
                            "id": "2826127:verify-jenkins-job-builder",
                            "permission": "push",
                            "repository": "verify-jenkins-job-builder",
                            "team_id": "2826127"
                        },
                        "meta": {},
                        "tainted": false
                    },
                    "deposed": [],
                    "provider": "provider.github"
                }
            },
            "depends_on": []
        },
        {
            "path": [
                "root",
                "repo_verify_local_matching_service_example"
            ],
            "outputs": {},
            "resources": {
                "github_branch_protection.repo_protect_master": {
                    "type": "github_branch_protection",
                    "depends_on": [],
                    "primary": {
                        "id": "verify-local-matching-service-example:master",
                        "attributes": {
                            "branch": "master",
                            "enforce_admins": "false",
                            "etag": "W/\"838ae3e408aa08ddfdd0068eb26a6069\"",
                            "id": "verify-local-matching-service-example:master",
                            "repository": "verify-local-matching-service-example",
                            "required_pull_request_reviews.#": "1",
                            "required_pull_request_reviews.0.dismiss_stale_reviews": "true",
                            "required_pull_request_reviews.0.dismissal_teams.#": "0",
                            "required_pull_request_reviews.0.dismissal_users.#": "0",
                            "required_pull_request_reviews.0.include_admins": "false",
                            "required_pull_request_reviews.0.require_code_owner_reviews": "false",
                            "required_pull_request_reviews.0.required_approving_review_count": "2",
                            "required_status_checks.#": "0",
                            "restrictions.#": "0"
                        },
                        "meta": {},
                        "tainted": false
                    },
                    "deposed": [],
                    "provider": "provider.github"
                },
                "github_repository.repo": {
                    "type": "github_repository",
                    "depends_on": [],
                    "primary": {
                        "id": "verify-local-matching-service-example",
                        "attributes": {
                            "allow_merge_commit": "true",
                            "allow_rebase_merge": "false",
                            "allow_squash_merge": "false",
                            "archived": "false",
                            "auto_init": "true",
                            "default_branch": "master",
                            "description": "",
                            "etag": "W/\"5a2183735148c1ae8a56889fbd9b601c\"",
                            "full_name": "alphagov/verify-local-matching-service-example",
                            "git_clone_url": "git://github.com/alphagov/verify-local-matching-service-example.git",
                            "has_downloads": "false",
                            "has_issues": "true",
                            "has_wiki": "true",
                            "homepage_url": "",
                            "html_url": "https://github.com/alphagov/verify-local-matching-service-example",
                            "http_clone_url": "https://github.com/alphagov/verify-local-matching-service-example.git",
                            "id": "verify-local-matching-service-example",
                            "name": "verify-local-matching-service-example",
                            "private": "false",
                            "ssh_clone_url": "git@github.com:alphagov/verify-local-matching-service-example.git",
                            "svn_url": "https://github.com/alphagov/verify-local-matching-service-example",
                            "topics.#": "1",
                            "topics.2357015465": "verify"
                        },
                        "meta": {},
                        "tainted": false
                    },
                    "deposed": [],
                    "provider": "provider.github"
                },
                "github_team_repository.repo_team_push": {
                    "type": "github_team_repository",
                    "depends_on": [
                        "data.github_team.push_teams.*",
                        "github_repository.repo"
                    ],
                    "primary": {
                        "id": "2826122:verify-local-matching-service-example",
                        "attributes": {
                            "etag": "W/\"77490e50fe0a8b25ad13417c0233e15d\"",
                            "id": "2826122:verify-local-matching-service-example",
                            "permission": "push",
                            "repository": "verify-local-matching-service-example",
                            "team_id": "2826122"
                        },
                        "meta": {},
                        "tainted": false
                    },
                    "deposed": [],
                    "provider": "provider.github"
                }
            },
            "depends_on": []
        },
        {
            "path": [
                "root",
                "repo_verify_local_startup"
            ],
            "outputs": {},
            "resources": {
                "github_branch_protection.repo_protect_master": {
                    "type": "github_branch_protection",
                    "depends_on": [
                        "github_repository.repo"
                    ],
                    "primary": {
                        "id": "verify-local-startup:master",
                        "attributes": {
                            "branch": "master",
                            "enforce_admins": "false",
                            "etag": "W/\"be986d8d47fa3ee3afac6fa0b148139f\"",
                            "id": "verify-local-startup:master",
                            "repository": "verify-local-startup",
                            "required_pull_request_reviews.#": "1",
                            "required_pull_request_reviews.0.dismiss_stale_reviews": "true",
                            "required_pull_request_reviews.0.dismissal_teams.#": "0",
                            "required_pull_request_reviews.0.dismissal_users.#": "0",
                            "required_pull_request_reviews.0.include_admins": "false",
                            "required_pull_request_reviews.0.require_code_owner_reviews": "false",
                            "required_pull_request_reviews.0.required_approving_review_count": "2",
                            "required_status_checks.#": "0",
                            "restrictions.#": "0"
                        },
                        "meta": {},
                        "tainted": false
                    },
                    "deposed": [],
                    "provider": "provider.github"
                },
                "github_repository.repo": {
                    "type": "github_repository",
                    "depends_on": [],
                    "primary": {
                        "id": "verify-local-startup",
                        "attributes": {
                            "allow_merge_commit": "true",
                            "allow_rebase_merge": "false",
                            "allow_squash_merge": "false",
                            "archived": "false",
                            "default_branch": "master",
                            "description": "Utilities to run the Verify Hub and stubs locally",
                            "etag": "W/\"61e1eaf9d0a73ae787bfd11b6b3ab83d\"",
                            "full_name": "alphagov/verify-local-startup",
                            "git_clone_url": "git://github.com/alphagov/verify-local-startup.git",
                            "has_downloads": "false",
                            "has_issues": "true",
                            "has_wiki": "true",
                            "homepage_url": "",
                            "html_url": "https://github.com/alphagov/verify-local-startup",
                            "http_clone_url": "https://github.com/alphagov/verify-local-startup.git",
                            "id": "verify-local-startup",
                            "name": "verify-local-startup",
                            "private": "false",
                            "ssh_clone_url": "git@github.com:alphagov/verify-local-startup.git",
                            "svn_url": "https://github.com/alphagov/verify-local-startup",
                            "topics.#": "1",
                            "topics.2357015465": "verify"
                        },
                        "meta": {},
                        "tainted": false
                    },
                    "deposed": [],
                    "provider": "provider.github"
                },
                "github_team_repository.repo_team_push": {
                    "type": "github_team_repository",
                    "depends_on": [
                        "github_repository.repo"
                    ],
                    "primary": {
                        "id": "2826122:verify-local-startup",
                        "attributes": {
                            "etag": "W/\"39f53fd5dec8b5d621e4c4a1038ee594\"",
                            "id": "2826122:verify-local-startup",
                            "permission": "push",
                            "repository": "verify-local-startup",
                            "team_id": "2826122"
                        },
                        "meta": {},
                        "tainted": false
                    },
                    "deposed": [],
                    "provider": "provider.github"
                }
            },
            "depends_on": []
        },
        {
            "path": [
                "root",
                "repo_verify_matching_service_adapter"
            ],
            "outputs": {},
            "resources": {
                "github_branch_protection.repo_protect_master": {
                    "type": "github_branch_protection",
                    "depends_on": [],
                    "primary": {
                        "id": "verify-matching-service-adapter:master",
                        "attributes": {
                            "branch": "master",
                            "enforce_admins": "false",
                            "etag": "W/\"0fcf03e4c035b60ae6f1f15dd7ecdb2d\"",
                            "id": "verify-matching-service-adapter:master",
                            "repository": "verify-matching-service-adapter",
                            "required_pull_request_reviews.#": "1",
                            "required_pull_request_reviews.0.dismiss_stale_reviews": "true",
                            "required_pull_request_reviews.0.dismissal_teams.#": "0",
                            "required_pull_request_reviews.0.dismissal_users.#": "0",
                            "required_pull_request_reviews.0.include_admins": "false",
                            "required_pull_request_reviews.0.require_code_owner_reviews": "false",
                            "required_pull_request_reviews.0.required_approving_review_count": "2",
                            "required_status_checks.#": "0",
                            "restrictions.#": "0"
                        },
                        "meta": {},
                        "tainted": false
                    },
                    "deposed": [],
                    "provider": "provider.github"
                },
                "github_repository.repo": {
                    "type": "github_repository",
                    "depends_on": [],
                    "primary": {
                        "id": "verify-matching-service-adapter",
                        "attributes": {
                            "allow_merge_commit": "true",
                            "allow_rebase_merge": "false",
                            "allow_squash_merge": "false",
                            "archived": "false",
                            "auto_init": "true",
                            "default_branch": "master",
                            "description": "Verify Matching Service Adapter",
                            "etag": "W/\"17378d43cf4a7e923b6cd932ef731ea3\"",
                            "full_name": "alphagov/verify-matching-service-adapter",
                            "git_clone_url": "git://github.com/alphagov/verify-matching-service-adapter.git",
                            "has_downloads": "false",
                            "has_issues": "true",
                            "has_wiki": "true",
                            "homepage_url": "",
                            "html_url": "https://github.com/alphagov/verify-matching-service-adapter",
                            "http_clone_url": "https://github.com/alphagov/verify-matching-service-adapter.git",
                            "id": "verify-matching-service-adapter",
                            "name": "verify-matching-service-adapter",
                            "private": "false",
                            "ssh_clone_url": "git@github.com:alphagov/verify-matching-service-adapter.git",
                            "svn_url": "https://github.com/alphagov/verify-matching-service-adapter",
                            "topics.#": "1",
                            "topics.2357015465": "verify"
                        },
                        "meta": {},
                        "tainted": false
                    },
                    "deposed": [],
                    "provider": "provider.github"
                },
                "github_team_repository.repo_team_push": {
                    "type": "github_team_repository",
                    "depends_on": [
                        "data.github_team.teams.*",
                        "github_repository.repo"
                    ],
                    "primary": {
                        "id": "2826122:verify-matching-service-adapter",
                        "attributes": {
                            "etag": "W/\"a86e8884d34b78790764c70e864e9169\"",
                            "id": "2826122:verify-matching-service-adapter",
                            "permission": "push",
                            "repository": "verify-matching-service-adapter",
                            "team_id": "2826122"
                        },
                        "meta": {},
                        "tainted": false
                    },
                    "deposed": [],
                    "provider": "provider.github"
                }
            },
            "depends_on": []
        },
        {
            "path": [
                "root",
                "repo_verify_matomo_utils"
            ],
            "outputs": {},
            "resources": {
                "github_branch_protection.repo_protect_master": {
                    "type": "github_branch_protection",
                    "depends_on": [
                        "github_repository.repo"
                    ],
                    "primary": {
                        "id": "verify-matomo-utils:master",
                        "attributes": {
                            "branch": "master",
                            "enforce_admins": "false",
                            "etag": "W/\"94ba0f0d90f62502caee85ce02715a96\"",
                            "id": "verify-matomo-utils:master",
                            "repository": "verify-matomo-utils",
                            "required_pull_request_reviews.#": "1",
                            "required_pull_request_reviews.0.dismiss_stale_reviews": "true",
                            "required_pull_request_reviews.0.dismissal_teams.#": "0",
                            "required_pull_request_reviews.0.dismissal_users.#": "0",
                            "required_pull_request_reviews.0.include_admins": "false",
                            "required_pull_request_reviews.0.require_code_owner_reviews": "false",
                            "required_pull_request_reviews.0.required_approving_review_count": "2",
                            "required_status_checks.#": "0",
                            "restrictions.#": "0"
                        },
                        "meta": {},
                        "tainted": false
                    },
                    "deposed": [],
                    "provider": "provider.github"
                },
                "github_repository.repo": {
                    "type": "github_repository",
                    "depends_on": [],
                    "primary": {
                        "id": "verify-matomo-utils",
                        "attributes": {
                            "allow_merge_commit": "true",
                            "allow_rebase_merge": "false",
                            "allow_squash_merge": "false",
                            "archived": "false",
                            "auto_init": "true",
                            "default_branch": "master",
                            "description": "Collection of tools used for interacting with Matomo (formerly called Piwik)",
                            "etag": "W/\"e183550e614c160784269f90583a30b3\"",
                            "full_name": "alphagov/verify-matomo-utils",
                            "git_clone_url": "git://github.com/alphagov/verify-matomo-utils.git",
                            "has_downloads": "false",
                            "has_issues": "true",
                            "has_wiki": "true",
                            "homepage_url": "",
                            "html_url": "https://github.com/alphagov/verify-matomo-utils",
                            "http_clone_url": "https://github.com/alphagov/verify-matomo-utils.git",
                            "id": "verify-matomo-utils",
                            "name": "verify-matomo-utils",
                            "private": "false",
                            "ssh_clone_url": "git@github.com:alphagov/verify-matomo-utils.git",
                            "svn_url": "https://github.com/alphagov/verify-matomo-utils",
                            "topics.#": "0"
                        },
                        "meta": {},
                        "tainted": false
                    },
                    "deposed": [],
                    "provider": "provider.github"
                },
                "github_team_repository.repo_team_push": {
                    "type": "github_team_repository",
                    "depends_on": [
                        "github_repository.repo"
                    ],
                    "primary": {
                        "id": "2826122:verify-matomo-utils",
                        "attributes": {
                            "etag": "W/\"f9c0a3be7f89d617d06b17d79a33b7de\"",
                            "id": "2826122:verify-matomo-utils",
                            "permission": "push",
                            "repository": "verify-matomo-utils",
                            "team_id": "2826122"
                        },
                        "meta": {},
                        "tainted": false
                    },
                    "deposed": [],
                    "provider": "provider.github"
                }
            },
            "depends_on": []
        },
        {
            "path": [
                "root",
                "repo_verify_metadata"
            ],
            "outputs": {},
            "resources": {
                "github_branch_protection.repo_protect_master": {
                    "type": "github_branch_protection",
                    "depends_on": [],
                    "primary": {
                        "id": "verify-metadata:master",
                        "attributes": {
                            "branch": "master",
                            "enforce_admins": "false",
                            "etag": "W/\"73b591bbc0b5346bf6ec0991a7aefdd1\"",
                            "id": "verify-metadata:master",
                            "repository": "verify-metadata",
                            "required_pull_request_reviews.#": "1",
                            "required_pull_request_reviews.0.dismiss_stale_reviews": "true",
                            "required_pull_request_reviews.0.dismissal_teams.#": "0",
                            "required_pull_request_reviews.0.dismissal_users.#": "0",
                            "required_pull_request_reviews.0.include_admins": "false",
                            "required_pull_request_reviews.0.require_code_owner_reviews": "false",
                            "required_pull_request_reviews.0.required_approving_review_count": "2",
                            "required_status_checks.#": "0",
                            "restrictions.#": "0"
                        },
                        "meta": {},
                        "tainted": false
                    },
                    "deposed": [],
                    "provider": "provider.github"
                },
                "github_repository.repo": {
                    "type": "github_repository",
                    "depends_on": [],
                    "primary": {
                        "id": "verify-metadata",
                        "attributes": {
                            "allow_merge_commit": "true",
                            "allow_rebase_merge": "false",
                            "allow_squash_merge": "false",
                            "archived": "false",
                            "auto_init": "true",
                            "default_branch": "master",
                            "description": "Verify SAML metadata sources",
                            "etag": "W/\"1f68db3a7481c507431c015474e04642\"",
                            "full_name": "alphagov/verify-metadata",
                            "git_clone_url": "git://github.com/alphagov/verify-metadata.git",
                            "has_downloads": "false",
                            "has_issues": "true",
                            "has_wiki": "true",
                            "homepage_url": "",
                            "html_url": "https://github.com/alphagov/verify-metadata",
                            "http_clone_url": "https://github.com/alphagov/verify-metadata.git",
                            "id": "verify-metadata",
                            "name": "verify-metadata",
                            "private": "true",
                            "ssh_clone_url": "git@github.com:alphagov/verify-metadata.git",
                            "svn_url": "https://github.com/alphagov/verify-metadata",
                            "topics.#": "1",
                            "topics.2357015465": "verify"
                        },
                        "meta": {},
                        "tainted": false
                    },
                    "deposed": [],
                    "provider": "provider.github"
                },
                "github_team_repository.repo_team_push": {
                    "type": "github_team_repository",
                    "depends_on": [
                        "data.github_team.teams.*",
                        "github_repository.repo"
                    ],
                    "primary": {
                        "id": "2826122:verify-metadata",
                        "attributes": {
                            "etag": "W/\"dd3851c648fe9c08b1fdb16d9daeccbe\"",
                            "id": "2826122:verify-metadata",
                            "permission": "push",
                            "repository": "verify-metadata",
                            "team_id": "2826122"
                        },
                        "meta": {},
                        "tainted": false
                    },
                    "deposed": [],
                    "provider": "provider.github"
                }
            },
            "depends_on": []
        },
        {
            "path": [
                "root",
                "repo_verify_packages"
            ],
            "outputs": {},
            "resources": {
                "github_branch_protection.repo_protect_master": {
                    "type": "github_branch_protection",
                    "depends_on": [
                        "github_repository.repo"
                    ],
                    "primary": {
                        "id": "verify-packages:master",
                        "attributes": {
                            "branch": "master",
                            "enforce_admins": "false",
                            "etag": "W/\"889bb8f60c675aa738a029ea04ac208f\"",
                            "id": "verify-packages:master",
                            "repository": "verify-packages",
                            "required_pull_request_reviews.#": "1",
                            "required_pull_request_reviews.0.dismiss_stale_reviews": "true",
                            "required_pull_request_reviews.0.dismissal_teams.#": "0",
                            "required_pull_request_reviews.0.dismissal_users.#": "0",
                            "required_pull_request_reviews.0.include_admins": "false",
                            "required_pull_request_reviews.0.require_code_owner_reviews": "false",
                            "required_pull_request_reviews.0.required_approving_review_count": "2",
                            "required_status_checks.#": "0",
                            "restrictions.#": "0"
                        },
                        "meta": {},
                        "tainted": false
                    },
                    "deposed": [],
                    "provider": "provider.github"
                },
                "github_repository.repo": {
                    "type": "github_repository",
                    "depends_on": [],
                    "primary": {
                        "id": "verify-packages",
                        "attributes": {
                            "allow_merge_commit": "true",
                            "allow_rebase_merge": "false",
                            "allow_squash_merge": "false",
                            "archived": "false",
                            "auto_init": "true",
                            "default_branch": "master",
                            "description": "Builds custom ubuntu packages used for Verify systems",
                            "etag": "W/\"e649bf748fabd6b2d58a29094d777171\"",
                            "full_name": "alphagov/verify-packages",
                            "git_clone_url": "git://github.com/alphagov/verify-packages.git",
                            "has_downloads": "false",
                            "has_issues": "true",
                            "has_wiki": "true",
                            "homepage_url": "",
                            "html_url": "https://github.com/alphagov/verify-packages",
                            "http_clone_url": "https://github.com/alphagov/verify-packages.git",
                            "id": "verify-packages",
                            "name": "verify-packages",
                            "private": "true",
                            "ssh_clone_url": "git@github.com:alphagov/verify-packages.git",
                            "svn_url": "https://github.com/alphagov/verify-packages",
                            "topics.#": "1",
                            "topics.2357015465": "verify"
                        },
                        "meta": {},
                        "tainted": false
                    },
                    "deposed": [],
                    "provider": "provider.github"
                },
                "github_team_repository.repo_team_push.0": {
                    "type": "github_team_repository",
                    "depends_on": [
                        "data.github_team.push_teams.*",
                        "github_repository.repo"
                    ],
                    "primary": {
                        "id": "2826122:verify-packages",
                        "attributes": {
                            "etag": "W/\"a8b94b16476c0ce0c01837296f555f30\"",
                            "id": "2826122:verify-packages",
                            "permission": "push",
                            "repository": "verify-packages",
                            "team_id": "2826122"
                        },
                        "meta": {},
                        "tainted": false
                    },
                    "deposed": [],
                    "provider": "provider.github"
                },
                "github_team_repository.repo_team_push.1": {
                    "type": "github_team_repository",
                    "depends_on": [
                        "data.github_team.push_teams.*",
                        "github_repository.repo"
                    ],
                    "primary": {
                        "id": "2826127:verify-packages",
                        "attributes": {
                            "etag": "W/\"a8b94b16476c0ce0c01837296f555f30\"",
                            "id": "2826127:verify-packages",
                            "permission": "push",
                            "repository": "verify-packages",
                            "team_id": "2826127"
                        },
                        "meta": {},
                        "tainted": false
                    },
                    "deposed": [],
                    "provider": "provider.github"
                }
            },
            "depends_on": []
        },
        {
            "path": [
                "root",
                "repo_verify_performance"
            ],
            "outputs": {},
            "resources": {
                "github_branch_protection.repo_protect_master": {
                    "type": "github_branch_protection",
                    "depends_on": [
                        "github_repository.repo"
                    ],
                    "primary": {
                        "id": "verify-performance:master",
                        "attributes": {
                            "branch": "master",
                            "enforce_admins": "false",
                            "etag": "W/\"fc2dc0498157df88f5c2c3be5aa4475c\"",
                            "id": "verify-performance:master",
                            "repository": "verify-performance",
                            "required_pull_request_reviews.#": "1",
                            "required_pull_request_reviews.0.dismiss_stale_reviews": "true",
                            "required_pull_request_reviews.0.dismissal_teams.#": "0",
                            "required_pull_request_reviews.0.dismissal_users.#": "0",
                            "required_pull_request_reviews.0.include_admins": "false",
                            "required_pull_request_reviews.0.require_code_owner_reviews": "false",
                            "required_pull_request_reviews.0.required_approving_review_count": "2",
                            "required_status_checks.#": "0",
                            "restrictions.#": "0"
                        },
                        "meta": {},
                        "tainted": false
                    },
                    "deposed": [],
                    "provider": "provider.github"
                },
                "github_repository.repo": {
                    "type": "github_repository",
                    "depends_on": [],
                    "primary": {
                        "id": "verify-performance",
                        "attributes": {
                            "allow_merge_commit": "true",
                            "allow_rebase_merge": "false",
                            "allow_squash_merge": "false",
                            "archived": "false",
                            "auto_init": "true",
                            "default_branch": "master",
                            "description": "Repo for the Verify performance and data team",
                            "etag": "W/\"f20d55224acc14798f512d8e99f10a40\"",
                            "full_name": "alphagov/verify-performance",
                            "git_clone_url": "git://github.com/alphagov/verify-performance.git",
                            "has_downloads": "false",
                            "has_issues": "true",
                            "has_wiki": "true",
                            "homepage_url": "",
                            "html_url": "https://github.com/alphagov/verify-performance",
                            "http_clone_url": "https://github.com/alphagov/verify-performance.git",
                            "id": "verify-performance",
                            "name": "verify-performance",
                            "private": "true",
                            "ssh_clone_url": "git@github.com:alphagov/verify-performance.git",
                            "svn_url": "https://github.com/alphagov/verify-performance",
                            "topics.#": "1",
                            "topics.2357015465": "verify"
                        },
                        "meta": {},
                        "tainted": false
                    },
                    "deposed": [],
                    "provider": "provider.github"
                },
                "github_team_repository.repo_team_push": {
                    "type": "github_team_repository",
                    "depends_on": [
                        "data.github_team.push_teams.*",
                        "github_repository.repo"
                    ],
                    "primary": {
                        "id": "2826122:verify-performance",
                        "attributes": {
                            "etag": "W/\"88431fa8485a888624c4ddf4a0223117\"",
                            "id": "2826122:verify-performance",
                            "permission": "push",
                            "repository": "verify-performance",
                            "team_id": "2826122"
                        },
                        "meta": {},
                        "tainted": false
                    },
                    "deposed": [],
                    "provider": "provider.github"
                }
            },
            "depends_on": []
        },
        {
            "path": [
                "root",
                "repo_verify_performance_scripts"
            ],
            "outputs": {},
            "resources": {
                "github_branch_protection.repo_protect_master": {
                    "type": "github_branch_protection",
                    "depends_on": [
                        "github_repository.repo"
                    ],
                    "primary": {
                        "id": "verify-performance-scripts:master",
                        "attributes": {
                            "branch": "master",
                            "enforce_admins": "false",
                            "etag": "W/\"aa918c39f78bdc630c3aaac84a66277a\"",
                            "id": "verify-performance-scripts:master",
                            "repository": "verify-performance-scripts",
                            "required_pull_request_reviews.#": "1",
                            "required_pull_request_reviews.0.dismiss_stale_reviews": "true",
                            "required_pull_request_reviews.0.dismissal_teams.#": "0",
                            "required_pull_request_reviews.0.dismissal_users.#": "0",
                            "required_pull_request_reviews.0.include_admins": "false",
                            "required_pull_request_reviews.0.require_code_owner_reviews": "false",
                            "required_pull_request_reviews.0.required_approving_review_count": "2",
                            "required_status_checks.#": "0",
                            "restrictions.#": "0"
                        },
                        "meta": {},
                        "tainted": false
                    },
                    "deposed": [],
                    "provider": "provider.github"
                },
                "github_repository.repo": {
                    "type": "github_repository",
                    "depends_on": [],
                    "primary": {
                        "id": "verify-performance-scripts",
                        "attributes": {
                            "allow_merge_commit": "true",
                            "allow_rebase_merge": "false",
                            "allow_squash_merge": "false",
                            "archived": "false",
                            "auto_init": "true",
                            "default_branch": "master",
                            "description": "Scripts related to verify performance",
                            "etag": "W/\"8ee31c2b6e7e97b61c2d744b0db6eab1\"",
                            "full_name": "alphagov/verify-performance-scripts",
                            "git_clone_url": "git://github.com/alphagov/verify-performance-scripts.git",
                            "has_downloads": "false",
                            "has_issues": "true",
                            "has_wiki": "true",
                            "homepage_url": "",
                            "html_url": "https://github.com/alphagov/verify-performance-scripts",
                            "http_clone_url": "https://github.com/alphagov/verify-performance-scripts.git",
                            "id": "verify-performance-scripts",
                            "name": "verify-performance-scripts",
                            "private": "false",
                            "ssh_clone_url": "git@github.com:alphagov/verify-performance-scripts.git",
                            "svn_url": "https://github.com/alphagov/verify-performance-scripts",
                            "topics.#": "0"
                        },
                        "meta": {},
                        "tainted": false
                    },
                    "deposed": [],
                    "provider": "provider.github"
                },
                "github_team_repository.repo_team_push": {
                    "type": "github_team_repository",
                    "depends_on": [
                        "data.github_team.push_teams.*",
                        "github_repository.repo"
                    ],
                    "primary": {
                        "id": "2826122:verify-performance-scripts",
                        "attributes": {
                            "etag": "W/\"85a404ed3ea4f99c9c1c4986554f82d1\"",
                            "id": "2826122:verify-performance-scripts",
                            "permission": "push",
                            "repository": "verify-performance-scripts",
                            "team_id": "2826122"
                        },
                        "meta": {},
                        "tainted": false
                    },
                    "deposed": [],
                    "provider": "provider.github"
                }
            },
            "depends_on": []
        },
        {
            "path": [
                "root",
                "repo_verify_proxy_node"
            ],
            "outputs": {},
            "resources": {
                "github_branch_protection.repo_protect_master": {
                    "type": "github_branch_protection",
                    "depends_on": [
                        "github_repository.repo"
                    ],
                    "primary": {
                        "id": "verify-proxy-node:master",
                        "attributes": {
                            "branch": "master",
                            "enforce_admins": "false",
                            "etag": "W/\"b08ea36dd881a9b87b695b1cdcc55eb9\"",
                            "id": "verify-proxy-node:master",
                            "repository": "verify-proxy-node",
                            "required_pull_request_reviews.#": "1",
                            "required_pull_request_reviews.0.dismiss_stale_reviews": "true",
                            "required_pull_request_reviews.0.dismissal_teams.#": "0",
                            "required_pull_request_reviews.0.dismissal_users.#": "0",
                            "required_pull_request_reviews.0.include_admins": "false",
                            "required_pull_request_reviews.0.require_code_owner_reviews": "false",
                            "required_pull_request_reviews.0.required_approving_review_count": "2",
                            "required_status_checks.#": "0",
                            "restrictions.#": "0"
                        },
                        "meta": {},
                        "tainted": false
                    },
                    "deposed": [],
                    "provider": "provider.github"
                },
                "github_repository.repo": {
                    "type": "github_repository",
                    "depends_on": [],
                    "primary": {
                        "id": "verify-proxy-node",
                        "attributes": {
                            "allow_merge_commit": "true",
                            "allow_rebase_merge": "false",
                            "allow_squash_merge": "false",
                            "archived": "false",
                            "auto_init": "true",
                            "default_branch": "master",
                            "description": "eIDAS Proxy Node",
                            "etag": "W/\"3cd68f165aa24cccdd6258881b9f9f15\"",
                            "full_name": "alphagov/verify-proxy-node",
                            "git_clone_url": "git://github.com/alphagov/verify-proxy-node.git",
                            "has_downloads": "false",
                            "has_issues": "true",
                            "has_wiki": "true",
                            "homepage_url": "",
                            "html_url": "https://github.com/alphagov/verify-proxy-node",
                            "http_clone_url": "https://github.com/alphagov/verify-proxy-node.git",
                            "id": "verify-proxy-node",
                            "name": "verify-proxy-node",
                            "private": "false",
                            "ssh_clone_url": "git@github.com:alphagov/verify-proxy-node.git",
                            "svn_url": "https://github.com/alphagov/verify-proxy-node",
                            "topics.#": "0"
                        },
                        "meta": {},
                        "tainted": false
                    },
                    "deposed": [],
                    "provider": "provider.github"
                },
                "github_team_repository.repo_team_push": {
                    "type": "github_team_repository",
                    "depends_on": [
                        "data.github_team.push_teams.*",
                        "github_repository.repo"
                    ],
                    "primary": {
                        "id": "2826126:verify-proxy-node",
                        "attributes": {
                            "etag": "W/\"f3344e0f9d657968545484c769f6cdb4\"",
                            "id": "2826126:verify-proxy-node",
                            "permission": "push",
                            "repository": "verify-proxy-node",
                            "team_id": "2826126"
                        },
                        "meta": {},
                        "tainted": false
                    },
                    "deposed": [],
                    "provider": "provider.github"
                }
            },
            "depends_on": []
        },
        {
            "path": [
                "root",
                "repo_verify_proxy_node_infra"
            ],
            "outputs": {},
            "resources": {
                "github_branch_protection.repo_protect_master": {
                    "type": "github_branch_protection",
                    "depends_on": [
                        "github_repository.repo"
                    ],
                    "primary": {
                        "id": "verify-proxy-node-infra:master",
                        "attributes": {
                            "branch": "master",
                            "enforce_admins": "false",
                            "etag": "W/\"9adaf1c839e855d6d67cbe9f1c8adc28\"",
                            "id": "verify-proxy-node-infra:master",
                            "repository": "verify-proxy-node-infra",
                            "required_pull_request_reviews.#": "1",
                            "required_pull_request_reviews.0.dismiss_stale_reviews": "true",
                            "required_pull_request_reviews.0.dismissal_teams.#": "0",
                            "required_pull_request_reviews.0.dismissal_users.#": "0",
                            "required_pull_request_reviews.0.include_admins": "false",
                            "required_pull_request_reviews.0.require_code_owner_reviews": "false",
                            "required_pull_request_reviews.0.required_approving_review_count": "2",
                            "required_status_checks.#": "0",
                            "restrictions.#": "0"
                        },
                        "meta": {},
                        "tainted": false
                    },
                    "deposed": [],
                    "provider": "provider.github"
                },
                "github_repository.repo": {
                    "type": "github_repository",
                    "depends_on": [],
                    "primary": {
                        "id": "verify-proxy-node-infra",
                        "attributes": {
                            "allow_merge_commit": "true",
                            "allow_rebase_merge": "false",
                            "allow_squash_merge": "false",
                            "archived": "false",
                            "auto_init": "true",
                            "default_branch": "master",
                            "description": "Verify eIDAS Proxy Node infrastructure",
                            "etag": "W/\"4c1511d86a5ccba71f6937e435544c43\"",
                            "full_name": "alphagov/verify-proxy-node-infra",
                            "git_clone_url": "git://github.com/alphagov/verify-proxy-node-infra.git",
                            "has_downloads": "false",
                            "has_issues": "true",
                            "has_wiki": "true",
                            "homepage_url": "",
                            "html_url": "https://github.com/alphagov/verify-proxy-node-infra",
                            "http_clone_url": "https://github.com/alphagov/verify-proxy-node-infra.git",
                            "id": "verify-proxy-node-infra",
                            "name": "verify-proxy-node-infra",
                            "private": "true",
                            "ssh_clone_url": "git@github.com:alphagov/verify-proxy-node-infra.git",
                            "svn_url": "https://github.com/alphagov/verify-proxy-node-infra",
                            "topics.#": "0"
                        },
                        "meta": {},
                        "tainted": false
                    },
                    "deposed": [],
                    "provider": "provider.github"
                },
                "github_team_repository.repo_team_push.0": {
                    "type": "github_team_repository",
                    "depends_on": [
                        "data.github_team.push_teams.*",
                        "github_repository.repo"
                    ],
                    "primary": {
                        "id": "2826126:verify-proxy-node-infra",
                        "attributes": {
                            "etag": "W/\"b7a3b9e0348add3600e41c6d7837027f\"",
                            "id": "2826126:verify-proxy-node-infra",
                            "permission": "push",
                            "repository": "verify-proxy-node-infra",
                            "team_id": "2826126"
                        },
                        "meta": {},
                        "tainted": false
                    },
                    "deposed": [],
                    "provider": "provider.github"
                },
                "github_team_repository.repo_team_push.1": {
                    "type": "github_team_repository",
                    "depends_on": [
                        "data.github_team.push_teams.*",
                        "github_repository.repo"
                    ],
                    "primary": {
                        "id": "2826127:verify-proxy-node-infra",
                        "attributes": {
                            "etag": "W/\"b7a3b9e0348add3600e41c6d7837027f\"",
                            "id": "2826127:verify-proxy-node-infra",
                            "permission": "push",
                            "repository": "verify-proxy-node-infra",
                            "team_id": "2826127"
                        },
                        "meta": {},
                        "tainted": false
                    },
                    "deposed": [],
                    "provider": "provider.github"
                }
            },
            "depends_on": []
        },
        {
            "path": [
                "root",
                "repo_verify_puppet"
            ],
            "outputs": {},
            "resources": {
                "github_branch_protection.repo_protect_master": {
                    "type": "github_branch_protection",
                    "depends_on": [],
                    "primary": {
                        "id": "verify-puppet:master",
                        "attributes": {
                            "branch": "master",
                            "enforce_admins": "false",
                            "etag": "W/\"c271d44152db7ac678a95718ac1cee3c\"",
                            "id": "verify-puppet:master",
                            "repository": "verify-puppet",
                            "required_pull_request_reviews.#": "1",
                            "required_pull_request_reviews.0.dismiss_stale_reviews": "true",
                            "required_pull_request_reviews.0.dismissal_teams.#": "0",
                            "required_pull_request_reviews.0.dismissal_users.#": "0",
                            "required_pull_request_reviews.0.include_admins": "false",
                            "required_pull_request_reviews.0.require_code_owner_reviews": "false",
                            "required_pull_request_reviews.0.required_approving_review_count": "2",
                            "required_status_checks.#": "0",
                            "restrictions.#": "0"
                        },
                        "meta": {},
                        "tainted": false
                    },
                    "deposed": [],
                    "provider": "provider.github"
                },
                "github_repository.repo": {
                    "type": "github_repository",
                    "depends_on": [],
                    "primary": {
                        "id": "verify-puppet",
                        "attributes": {
                            "allow_merge_commit": "true",
                            "allow_rebase_merge": "false",
                            "allow_squash_merge": "false",
                            "archived": "false",
                            "auto_init": "true",
                            "default_branch": "master",
                            "description": "Puppet code for GOV.UK Verify",
                            "etag": "W/\"18a24273ae8b53cbcd72ad60cf2c3614\"",
                            "full_name": "alphagov/verify-puppet",
                            "git_clone_url": "git://github.com/alphagov/verify-puppet.git",
                            "has_downloads": "false",
                            "has_issues": "true",
                            "has_wiki": "true",
                            "homepage_url": "",
                            "html_url": "https://github.com/alphagov/verify-puppet",
                            "http_clone_url": "https://github.com/alphagov/verify-puppet.git",
                            "id": "verify-puppet",
                            "name": "verify-puppet",
                            "private": "true",
                            "ssh_clone_url": "git@github.com:alphagov/verify-puppet.git",
                            "svn_url": "https://github.com/alphagov/verify-puppet",
                            "topics.#": "1",
                            "topics.2357015465": "verify"
                        },
                        "meta": {},
                        "tainted": false
                    },
                    "deposed": [],
                    "provider": "provider.github"
                },
                "github_team_repository.repo_team_push.0": {
                    "type": "github_team_repository",
                    "depends_on": [
                        "data.github_team.push_teams.*",
                        "github_repository.repo"
                    ],
                    "primary": {
                        "id": "2826122:verify-puppet",
                        "attributes": {
                            "etag": "W/\"1512bd031ef0767002dad39cee50552b\"",
                            "id": "2826122:verify-puppet",
                            "permission": "push",
                            "repository": "verify-puppet",
                            "team_id": "2826122"
                        },
                        "meta": {},
                        "tainted": false
                    },
                    "deposed": [],
                    "provider": "provider.github"
                },
                "github_team_repository.repo_team_push.1": {
                    "type": "github_team_repository",
                    "depends_on": [
                        "data.github_team.push_teams.*",
                        "github_repository.repo"
                    ],
                    "primary": {
                        "id": "2826127:verify-puppet",
                        "attributes": {
                            "etag": "W/\"1512bd031ef0767002dad39cee50552b\"",
                            "id": "2826127:verify-puppet",
                            "permission": "push",
                            "repository": "verify-puppet",
                            "team_id": "2826127"
                        },
                        "meta": {},
                        "tainted": false
                    },
                    "deposed": [],
                    "provider": "provider.github"
                }
            },
            "depends_on": []
        },
        {
            "path": [
                "root",
                "repo_verify_release_automation"
            ],
            "outputs": {},
            "resources": {
                "github_branch_protection.repo_protect_master": {
                    "type": "github_branch_protection",
                    "depends_on": [],
                    "primary": {
                        "id": "verify-release-automation:master",
                        "attributes": {
                            "branch": "master",
                            "enforce_admins": "false",
                            "etag": "W/\"9f58d54fdb008888ba2681cae59166c9\"",
                            "id": "verify-release-automation:master",
                            "repository": "verify-release-automation",
                            "required_pull_request_reviews.#": "1",
                            "required_pull_request_reviews.0.dismiss_stale_reviews": "true",
                            "required_pull_request_reviews.0.dismissal_teams.#": "0",
                            "required_pull_request_reviews.0.dismissal_users.#": "0",
                            "required_pull_request_reviews.0.include_admins": "false",
                            "required_pull_request_reviews.0.require_code_owner_reviews": "false",
                            "required_pull_request_reviews.0.required_approving_review_count": "2",
                            "required_status_checks.#": "0",
                            "restrictions.#": "0"
                        },
                        "meta": {},
                        "tainted": false
                    },
                    "deposed": [],
                    "provider": "provider.github"
                },
                "github_repository.repo": {
                    "type": "github_repository",
                    "depends_on": [],
                    "primary": {
                        "id": "verify-release-automation",
                        "attributes": {
                            "allow_merge_commit": "true",
                            "allow_rebase_merge": "false",
                            "allow_squash_merge": "false",
                            "archived": "false",
                            "auto_init": "true",
                            "default_branch": "master",
                            "description": "🚂 The Verify Release Train",
                            "etag": "W/\"f3fa1427863acb2d4dff76a32ac9a96b\"",
                            "full_name": "alphagov/verify-release-automation",
                            "git_clone_url": "git://github.com/alphagov/verify-release-automation.git",
                            "has_downloads": "false",
                            "has_issues": "true",
                            "has_wiki": "true",
                            "homepage_url": "",
                            "html_url": "https://github.com/alphagov/verify-release-automation",
                            "http_clone_url": "https://github.com/alphagov/verify-release-automation.git",
                            "id": "verify-release-automation",
                            "name": "verify-release-automation",
                            "private": "true",
                            "ssh_clone_url": "git@github.com:alphagov/verify-release-automation.git",
                            "svn_url": "https://github.com/alphagov/verify-release-automation",
                            "topics.#": "1",
                            "topics.2357015465": "verify"
                        },
                        "meta": {},
                        "tainted": false
                    },
                    "deposed": [],
                    "provider": "provider.github"
                },
                "github_team_repository.repo_team_push": {
                    "type": "github_team_repository",
                    "depends_on": [
                        "data.github_team.push_teams.*",
                        "github_repository.repo"
                    ],
                    "primary": {
                        "id": "2826122:verify-release-automation",
                        "attributes": {
                            "etag": "W/\"856462163104d4878a14bc145a4bb18b\"",
                            "id": "2826122:verify-release-automation",
                            "permission": "push",
                            "repository": "verify-release-automation",
                            "team_id": "2826122"
                        },
                        "meta": {},
                        "tainted": false
                    },
                    "deposed": [],
                    "provider": "provider.github"
                }
            },
            "depends_on": []
        },
        {
            "path": [
                "root",
                "repo_verify_release_logs"
            ],
            "outputs": {},
            "resources": {
                "github_repository.repo": {
                    "type": "github_repository",
                    "depends_on": [],
                    "primary": {
                        "id": "verify-release-logs",
                        "attributes": {
                            "allow_merge_commit": "true",
                            "allow_rebase_merge": "false",
                            "allow_squash_merge": "false",
                            "archived": "false",
                            "default_branch": "master",
                            "description": "Logs of releases generated from the verify-release-automation tool",
                            "etag": "W/\"cbec081d283e6b18346b3c9611777256\"",
                            "full_name": "alphagov/verify-release-logs",
                            "git_clone_url": "git://github.com/alphagov/verify-release-logs.git",
                            "has_downloads": "false",
                            "has_issues": "true",
                            "has_wiki": "true",
                            "homepage_url": "",
                            "html_url": "https://github.com/alphagov/verify-release-logs",
                            "http_clone_url": "https://github.com/alphagov/verify-release-logs.git",
                            "id": "verify-release-logs",
                            "name": "verify-release-logs",
                            "private": "true",
                            "ssh_clone_url": "git@github.com:alphagov/verify-release-logs.git",
                            "svn_url": "https://github.com/alphagov/verify-release-logs",
                            "topics.#": "1",
                            "topics.2357015465": "verify"
                        },
                        "meta": {},
                        "tainted": false
                    },
                    "deposed": [],
                    "provider": "provider.github"
                },
                "github_team_repository.repo_team_push": {
                    "type": "github_team_repository",
                    "depends_on": [
                        "data.github_team.push_teams.*",
                        "github_repository.repo"
                    ],
                    "primary": {
                        "id": "2826122:verify-release-logs",
                        "attributes": {
                            "etag": "W/\"ae73e3d7c2b8370006b89e19be0320dc\"",
                            "id": "2826122:verify-release-logs",
                            "permission": "push",
                            "repository": "verify-release-logs",
                            "team_id": "2826122"
                        },
                        "meta": {},
                        "tainted": false
                    },
                    "deposed": [],
                    "provider": "provider.github"
                }
            },
            "depends_on": []
        },
        {
            "path": [
                "root",
                "repo_verify_rp_environment_config_form"
            ],
            "outputs": {},
            "resources": {
                "github_branch_protection.repo_protect_master": {
                    "type": "github_branch_protection",
                    "depends_on": [],
                    "primary": {
                        "id": "verify-rp-environment-config-form:master",
                        "attributes": {
                            "branch": "master",
                            "enforce_admins": "false",
                            "etag": "W/\"c0c0ac43843fc79104ad2329e7172fc3\"",
                            "id": "verify-rp-environment-config-form:master",
                            "repository": "verify-rp-environment-config-form",
                            "required_pull_request_reviews.#": "1",
                            "required_pull_request_reviews.0.dismiss_stale_reviews": "true",
                            "required_pull_request_reviews.0.dismissal_teams.#": "0",
                            "required_pull_request_reviews.0.dismissal_users.#": "0",
                            "required_pull_request_reviews.0.include_admins": "false",
                            "required_pull_request_reviews.0.require_code_owner_reviews": "false",
                            "required_pull_request_reviews.0.required_approving_review_count": "2",
                            "required_status_checks.#": "0",
                            "restrictions.#": "0"
                        },
                        "meta": {},
                        "tainted": false
                    },
                    "deposed": [],
                    "provider": "provider.github"
                },
                "github_repository.repo": {
                    "type": "github_repository",
                    "depends_on": [],
                    "primary": {
                        "id": "verify-rp-environment-config-form",
                        "attributes": {
                            "allow_merge_commit": "true",
                            "allow_rebase_merge": "false",
                            "allow_squash_merge": "false",
                            "archived": "false",
                            "auto_init": "true",
                            "default_branch": "master",
                            "description": " :page_with_curl: The form for relying parties to provide Verify with environment configuration",
                            "etag": "W/\"e47202d798c9e6fdbe3109aa55234a20\"",
                            "full_name": "alphagov/verify-rp-environment-config-form",
                            "git_clone_url": "git://github.com/alphagov/verify-rp-environment-config-form.git",
                            "has_downloads": "false",
                            "has_issues": "true",
                            "has_wiki": "true",
                            "homepage_url": "",
                            "html_url": "https://github.com/alphagov/verify-rp-environment-config-form",
                            "http_clone_url": "https://github.com/alphagov/verify-rp-environment-config-form.git",
                            "id": "verify-rp-environment-config-form",
                            "name": "verify-rp-environment-config-form",
                            "private": "false",
                            "ssh_clone_url": "git@github.com:alphagov/verify-rp-environment-config-form.git",
                            "svn_url": "https://github.com/alphagov/verify-rp-environment-config-form",
                            "topics.#": "1",
                            "topics.2357015465": "verify"
                        },
                        "meta": {},
                        "tainted": false
                    },
                    "deposed": [],
                    "provider": "provider.github"
                },
                "github_team_repository.repo_team_push": {
                    "type": "github_team_repository",
                    "depends_on": [
                        "data.github_team.push_teams.*",
                        "github_repository.repo"
                    ],
                    "primary": {
                        "id": "2826122:verify-rp-environment-config-form",
                        "attributes": {
                            "etag": "W/\"77d19dbe9f50aaeeece4f4efea7d047b\"",
                            "id": "2826122:verify-rp-environment-config-form",
                            "permission": "push",
                            "repository": "verify-rp-environment-config-form",
                            "team_id": "2826122"
                        },
                        "meta": {},
                        "tainted": false
                    },
                    "deposed": [],
                    "provider": "provider.github"
                }
            },
            "depends_on": []
        },
        {
            "path": [
                "root",
                "repo_verify_saml_libs"
            ],
            "outputs": {},
            "resources": {
                "github_branch_protection.repo_protect_master": {
                    "type": "github_branch_protection",
                    "depends_on": [],
                    "primary": {
                        "id": "verify-saml-libs:master",
                        "attributes": {
                            "branch": "master",
                            "enforce_admins": "false",
                            "etag": "W/\"8350bdd0e19b5dddf81edaa912b407a7\"",
                            "id": "verify-saml-libs:master",
                            "repository": "verify-saml-libs",
                            "required_pull_request_reviews.#": "1",
                            "required_pull_request_reviews.0.dismiss_stale_reviews": "true",
                            "required_pull_request_reviews.0.dismissal_teams.#": "0",
                            "required_pull_request_reviews.0.dismissal_users.#": "0",
                            "required_pull_request_reviews.0.include_admins": "false",
                            "required_pull_request_reviews.0.require_code_owner_reviews": "false",
                            "required_pull_request_reviews.0.required_approving_review_count": "2",
                            "required_status_checks.#": "0",
                            "restrictions.#": "0"
                        },
                        "meta": {},
                        "tainted": false
                    },
                    "deposed": [],
                    "provider": "provider.github"
                },
                "github_repository.repo": {
                    "type": "github_repository",
                    "depends_on": [],
                    "primary": {
                        "id": "verify-saml-libs",
                        "attributes": {
                            "allow_merge_commit": "true",
                            "allow_rebase_merge": "false",
                            "allow_squash_merge": "false",
                            "archived": "false",
                            "auto_init": "true",
                            "default_branch": "master",
                            "description": "Verify SAML Libraries 📚",
                            "etag": "W/\"12f07c3545d9c5db3bb566af6a661d80\"",
                            "full_name": "alphagov/verify-saml-libs",
                            "git_clone_url": "git://github.com/alphagov/verify-saml-libs.git",
                            "has_downloads": "false",
                            "has_issues": "true",
                            "has_wiki": "true",
                            "homepage_url": "",
                            "html_url": "https://github.com/alphagov/verify-saml-libs",
                            "http_clone_url": "https://github.com/alphagov/verify-saml-libs.git",
                            "id": "verify-saml-libs",
                            "name": "verify-saml-libs",
                            "private": "false",
                            "ssh_clone_url": "git@github.com:alphagov/verify-saml-libs.git",
                            "svn_url": "https://github.com/alphagov/verify-saml-libs",
                            "topics.#": "2",
                            "topics.2357015465": "verify",
                            "topics.3280365720": "saml"
                        },
                        "meta": {},
                        "tainted": false
                    },
                    "deposed": [],
                    "provider": "provider.github"
                },
                "github_team_repository.repo_team_push": {
                    "type": "github_team_repository",
                    "depends_on": [
                        "data.github_team.teams.*",
                        "github_repository.repo"
                    ],
                    "primary": {
                        "id": "2826122:verify-saml-libs",
                        "attributes": {
                            "etag": "W/\"450dfd125fdab60c9689645deeee008c\"",
                            "id": "2826122:verify-saml-libs",
                            "permission": "push",
                            "repository": "verify-saml-libs",
                            "team_id": "2826122"
                        },
                        "meta": {},
                        "tainted": false
                    },
                    "deposed": [],
                    "provider": "provider.github"
                }
            },
            "depends_on": []
        },
        {
            "path": [
                "root",
                "repo_verify_self_service"
            ],
            "outputs": {},
            "resources": {
                "github_branch_protection.repo_protect_master": {
                    "type": "github_branch_protection",
                    "depends_on": [
                        "github_repository.repo"
                    ],
                    "primary": {
                        "id": "verify-self-service:master",
                        "attributes": {
                            "branch": "master",
                            "enforce_admins": "false",
                            "etag": "W/\"a7234c657b0f21a55b5cef24a8914779\"",
                            "id": "verify-self-service:master",
                            "repository": "verify-self-service",
                            "required_pull_request_reviews.#": "1",
                            "required_pull_request_reviews.0.dismiss_stale_reviews": "true",
                            "required_pull_request_reviews.0.dismissal_teams.#": "0",
                            "required_pull_request_reviews.0.dismissal_users.#": "0",
                            "required_pull_request_reviews.0.include_admins": "false",
                            "required_pull_request_reviews.0.require_code_owner_reviews": "false",
                            "required_pull_request_reviews.0.required_approving_review_count": "2",
                            "required_status_checks.#": "0",
                            "restrictions.#": "0"
                        },
                        "meta": {},
                        "tainted": false
                    },
                    "deposed": [],
                    "provider": "provider.github"
                },
                "github_repository.repo": {
                    "type": "github_repository",
                    "depends_on": [],
                    "primary": {
                        "id": "verify-self-service",
                        "attributes": {
                            "allow_merge_commit": "true",
                            "allow_rebase_merge": "false",
                            "allow_squash_merge": "false",
                            "archived": "false",
                            "default_branch": "master",
                            "description": "Verify self-service platform",
                            "etag": "W/\"8a011dce044e16c3c67e769bd65f1467\"",
                            "full_name": "alphagov/verify-self-service",
                            "git_clone_url": "git://github.com/alphagov/verify-self-service.git",
                            "has_downloads": "false",
                            "has_issues": "true",
                            "has_wiki": "true",
                            "homepage_url": "",
                            "html_url": "https://github.com/alphagov/verify-self-service",
                            "http_clone_url": "https://github.com/alphagov/verify-self-service.git",
                            "id": "verify-self-service",
                            "name": "verify-self-service",
                            "private": "false",
                            "ssh_clone_url": "git@github.com:alphagov/verify-self-service.git",
                            "svn_url": "https://github.com/alphagov/verify-self-service",
                            "topics.#": "1",
                            "topics.2357015465": "verify"
                        },
                        "meta": {},
                        "tainted": false
                    },
                    "deposed": [],
                    "provider": "provider.github"
                },
                "github_team_repository.repo_team_push": {
                    "type": "github_team_repository",
                    "depends_on": [
                        "data.github_team.push_teams.*",
                        "github_repository.repo"
                    ],
                    "primary": {
                        "id": "2826122:verify-self-service",
                        "attributes": {
                            "etag": "W/\"677973015f42d221ff57b5c05c076988\"",
                            "id": "2826122:verify-self-service",
                            "permission": "push",
                            "repository": "verify-self-service",
                            "team_id": "2826122"
                        },
                        "meta": {},
                        "tainted": false
                    },
                    "deposed": [],
                    "provider": "provider.github"
                }
            },
            "depends_on": []
        },
        {
            "path": [
                "root",
                "repo_verify_self_service_infrastructure"
            ],
            "outputs": {},
            "resources": {
                "github_branch_protection.repo_protect_master": {
                    "type": "github_branch_protection",
                    "depends_on": [
                        "github_repository.repo"
                    ],
                    "primary": {
                        "id": "verify-self-service-infrastructure:master",
                        "attributes": {
                            "branch": "master",
                            "enforce_admins": "false",
                            "etag": "W/\"c0b3be2cdbb8d58af4776894309a3d30\"",
                            "id": "verify-self-service-infrastructure:master",
                            "repository": "verify-self-service-infrastructure",
                            "required_pull_request_reviews.#": "1",
                            "required_pull_request_reviews.0.dismiss_stale_reviews": "true",
                            "required_pull_request_reviews.0.dismissal_teams.#": "0",
                            "required_pull_request_reviews.0.dismissal_users.#": "0",
                            "required_pull_request_reviews.0.include_admins": "false",
                            "required_pull_request_reviews.0.require_code_owner_reviews": "false",
                            "required_pull_request_reviews.0.required_approving_review_count": "2",
                            "required_status_checks.#": "0",
                            "restrictions.#": "0"
                        },
                        "meta": {},
                        "tainted": false
                    },
                    "deposed": [],
                    "provider": "provider.github"
                },
                "github_repository.repo": {
                    "type": "github_repository",
                    "depends_on": [],
                    "primary": {
                        "id": "verify-self-service-infrastructure",
                        "attributes": {
                            "allow_merge_commit": "true",
                            "allow_rebase_merge": "false",
                            "allow_squash_merge": "false",
                            "archived": "false",
                            "auto_init": "true",
                            "default_branch": "master",
                            "description": "Infrastructure and terraform files for Verify Self Service",
                            "etag": "W/\"a707bea05897dca495ecc2a0f0e87665\"",
                            "full_name": "alphagov/verify-self-service-infrastructure",
                            "git_clone_url": "git://github.com/alphagov/verify-self-service-infrastructure.git",
                            "has_downloads": "false",
                            "has_issues": "true",
                            "has_wiki": "true",
                            "homepage_url": "",
                            "html_url": "https://github.com/alphagov/verify-self-service-infrastructure",
                            "http_clone_url": "https://github.com/alphagov/verify-self-service-infrastructure.git",
                            "id": "verify-self-service-infrastructure",
                            "name": "verify-self-service-infrastructure",
                            "private": "true",
                            "ssh_clone_url": "git@github.com:alphagov/verify-self-service-infrastructure.git",
                            "svn_url": "https://github.com/alphagov/verify-self-service-infrastructure",
                            "topics.#": "0"
                        },
                        "meta": {},
                        "tainted": false
                    },
                    "deposed": [],
                    "provider": "provider.github"
                },
                "github_team_repository.repo_team_push": {
                    "type": "github_team_repository",
                    "depends_on": [
                        "github_repository.repo"
                    ],
                    "primary": {
                        "id": "2826122:verify-self-service-infrastructure",
                        "attributes": {
                            "etag": "W/\"abd0a22e13996ec38611d38cb03bd408\"",
                            "id": "2826122:verify-self-service-infrastructure",
                            "permission": "push",
                            "repository": "verify-self-service-infrastructure",
                            "team_id": "2826122"
                        },
                        "meta": {},
                        "tainted": false
                    },
                    "deposed": [],
                    "provider": "provider.github"
                }
            },
            "depends_on": []
        },
        {
            "path": [
                "root",
                "repo_verify_service_provider"
            ],
            "outputs": {},
            "resources": {
                "github_branch_protection.repo_protect_master": {
                    "type": "github_branch_protection",
                    "depends_on": [],
                    "primary": {
                        "id": "verify-service-provider:master",
                        "attributes": {
                            "branch": "master",
                            "enforce_admins": "false",
                            "etag": "W/\"0eb42e198eaa7b5f852c1dd4714cadba\"",
                            "id": "verify-service-provider:master",
                            "repository": "verify-service-provider",
                            "required_pull_request_reviews.#": "1",
                            "required_pull_request_reviews.0.dismiss_stale_reviews": "true",
                            "required_pull_request_reviews.0.dismissal_teams.#": "0",
                            "required_pull_request_reviews.0.dismissal_users.#": "0",
                            "required_pull_request_reviews.0.include_admins": "false",
                            "required_pull_request_reviews.0.require_code_owner_reviews": "false",
                            "required_pull_request_reviews.0.required_approving_review_count": "2",
                            "required_status_checks.#": "0",
                            "restrictions.#": "0"
                        },
                        "meta": {},
                        "tainted": false
                    },
                    "deposed": [],
                    "provider": "provider.github"
                },
                "github_repository.repo": {
                    "type": "github_repository",
                    "depends_on": [],
                    "primary": {
                        "id": "verify-service-provider",
                        "attributes": {
                            "allow_merge_commit": "true",
                            "allow_rebase_merge": "false",
                            "allow_squash_merge": "false",
                            "archived": "false",
                            "auto_init": "true",
                            "default_branch": "master",
                            "description": ":crown: :ballot_box_with_check: The easiest way to connect to GOV.UK Verify",
                            "etag": "W/\"2e0d396c2ce8d54eafa897414685c897\"",
                            "full_name": "alphagov/verify-service-provider",
                            "git_clone_url": "git://github.com/alphagov/verify-service-provider.git",
                            "has_downloads": "false",
                            "has_issues": "true",
                            "has_wiki": "true",
                            "homepage_url": "",
                            "html_url": "https://github.com/alphagov/verify-service-provider",
                            "http_clone_url": "https://github.com/alphagov/verify-service-provider.git",
                            "id": "verify-service-provider",
                            "name": "verify-service-provider",
                            "private": "false",
                            "ssh_clone_url": "git@github.com:alphagov/verify-service-provider.git",
                            "svn_url": "https://github.com/alphagov/verify-service-provider",
                            "topics.#": "2",
                            "topics.2275409296": "dropwizard",
                            "topics.2357015465": "verify"
                        },
                        "meta": {},
                        "tainted": false
                    },
                    "deposed": [],
                    "provider": "provider.github"
                },
                "github_team_repository.repo_team_push": {
                    "type": "github_team_repository",
                    "depends_on": [
                        "data.github_team.push_teams.*",
                        "github_repository.repo"
                    ],
                    "primary": {
                        "id": "2826122:verify-service-provider",
                        "attributes": {
                            "etag": "W/\"c7a51a1bc55342ea5946bcb21389f43c\"",
                            "id": "2826122:verify-service-provider",
                            "permission": "push",
                            "repository": "verify-service-provider",
                            "team_id": "2826122"
                        },
                        "meta": {},
                        "tainted": false
                    },
                    "deposed": [],
                    "provider": "provider.github"
                }
            },
            "depends_on": []
        },
        {
            "path": [
                "root",
                "repo_verify_stub_idp"
            ],
            "outputs": {},
            "resources": {
                "github_branch_protection.repo_protect_master": {
                    "type": "github_branch_protection",
                    "depends_on": [],
                    "primary": {
                        "id": "verify-stub-idp:master",
                        "attributes": {
                            "branch": "master",
                            "enforce_admins": "false",
                            "etag": "W/\"66026002af104d902ad8b9944d6bd325\"",
                            "id": "verify-stub-idp:master",
                            "repository": "verify-stub-idp",
                            "required_pull_request_reviews.#": "1",
                            "required_pull_request_reviews.0.dismiss_stale_reviews": "true",
                            "required_pull_request_reviews.0.dismissal_teams.#": "0",
                            "required_pull_request_reviews.0.dismissal_users.#": "0",
                            "required_pull_request_reviews.0.include_admins": "false",
                            "required_pull_request_reviews.0.require_code_owner_reviews": "false",
                            "required_pull_request_reviews.0.required_approving_review_count": "2",
                            "required_status_checks.#": "0",
                            "restrictions.#": "0"
                        },
                        "meta": {},
                        "tainted": false
                    },
                    "deposed": [],
                    "provider": "provider.github"
                },
                "github_repository.repo": {
                    "type": "github_repository",
                    "depends_on": [],
                    "primary": {
                        "id": "verify-stub-idp",
                        "attributes": {
                            "allow_merge_commit": "true",
                            "allow_rebase_merge": "false",
                            "allow_squash_merge": "false",
                            "archived": "false",
                            "auto_init": "true",
                            "default_branch": "master",
                            "description": "Stub Identity Provider and Stub eIDAS Proxy Service Node used for testing GOV.UK Verify",
                            "etag": "W/\"0fff1e93c4add4ac1c39886eafd669c0\"",
                            "full_name": "alphagov/verify-stub-idp",
                            "git_clone_url": "git://github.com/alphagov/verify-stub-idp.git",
                            "has_downloads": "false",
                            "has_issues": "true",
                            "has_wiki": "true",
                            "homepage_url": "",
                            "html_url": "https://github.com/alphagov/verify-stub-idp",
                            "http_clone_url": "https://github.com/alphagov/verify-stub-idp.git",
                            "id": "verify-stub-idp",
                            "name": "verify-stub-idp",
                            "private": "false",
                            "ssh_clone_url": "git@github.com:alphagov/verify-stub-idp.git",
                            "svn_url": "https://github.com/alphagov/verify-stub-idp",
                            "topics.#": "4",
                            "topics.2357015465": "verify",
                            "topics.3061879995": "idp",
                            "topics.687280243": "stub",
                            "topics.898705444": "eidas"
                        },
                        "meta": {},
                        "tainted": false
                    },
                    "deposed": [],
                    "provider": "provider.github"
                },
                "github_team_repository.repo_team_push": {
                    "type": "github_team_repository",
                    "depends_on": [
                        "data.github_team.teams.*",
                        "github_repository.repo"
                    ],
                    "primary": {
                        "id": "2826122:verify-stub-idp",
                        "attributes": {
                            "etag": "W/\"f7ca31ce9f3efd8e160747ea8a836d13\"",
                            "id": "2826122:verify-stub-idp",
                            "permission": "push",
                            "repository": "verify-stub-idp",
                            "team_id": "2826122"
                        },
                        "meta": {},
                        "tainted": false
                    },
                    "deposed": [],
                    "provider": "provider.github"
                }
            },
            "depends_on": []
        },
        {
            "path": [
                "root",
                "repo_verify_stub_idp_federation_config"
            ],
            "outputs": {},
            "resources": {
                "github_branch_protection.repo_protect_master": {
                    "type": "github_branch_protection",
                    "depends_on": [
                        "github_repository.repo"
                    ],
                    "primary": {
                        "id": "verify-stub-idp-federation-config:master",
                        "attributes": {
                            "branch": "master",
                            "enforce_admins": "false",
                            "etag": "W/\"0878ecc76640135b41d7dbdc9f0cf5c5\"",
                            "id": "verify-stub-idp-federation-config:master",
                            "repository": "verify-stub-idp-federation-config",
                            "required_pull_request_reviews.#": "1",
                            "required_pull_request_reviews.0.dismiss_stale_reviews": "true",
                            "required_pull_request_reviews.0.dismissal_teams.#": "0",
                            "required_pull_request_reviews.0.dismissal_users.#": "0",
                            "required_pull_request_reviews.0.include_admins": "false",
                            "required_pull_request_reviews.0.require_code_owner_reviews": "false",
                            "required_pull_request_reviews.0.required_approving_review_count": "2",
                            "required_status_checks.#": "0",
                            "restrictions.#": "0"
                        },
                        "meta": {},
                        "tainted": false
                    },
                    "deposed": [],
                    "provider": "provider.github"
                },
                "github_repository.repo": {
                    "type": "github_repository",
                    "depends_on": [],
                    "primary": {
                        "id": "verify-stub-idp-federation-config",
                        "attributes": {
                            "allow_merge_commit": "true",
                            "allow_rebase_merge": "false",
                            "allow_squash_merge": "false",
                            "archived": "false",
                            "auto_init": "true",
                            "default_branch": "master",
                            "description": "Federation config for verify-stub-idp",
                            "etag": "W/\"6d21d11d3942c6b47c7b942f7a2e2624\"",
                            "full_name": "alphagov/verify-stub-idp-federation-config",
                            "git_clone_url": "git://github.com/alphagov/verify-stub-idp-federation-config.git",
                            "has_downloads": "false",
                            "has_issues": "true",
                            "has_wiki": "true",
                            "homepage_url": "",
                            "html_url": "https://github.com/alphagov/verify-stub-idp-federation-config",
                            "http_clone_url": "https://github.com/alphagov/verify-stub-idp-federation-config.git",
                            "id": "verify-stub-idp-federation-config",
                            "name": "verify-stub-idp-federation-config",
                            "private": "true",
                            "ssh_clone_url": "git@github.com:alphagov/verify-stub-idp-federation-config.git",
                            "svn_url": "https://github.com/alphagov/verify-stub-idp-federation-config",
                            "topics.#": "1",
                            "topics.2357015465": "verify"
                        },
                        "meta": {},
                        "tainted": false
                    },
                    "deposed": [],
                    "provider": "provider.github"
                },
                "github_team_repository.repo_team_push": {
                    "type": "github_team_repository",
                    "depends_on": [
                        "data.github_team.teams.*",
                        "github_repository.repo"
                    ],
                    "primary": {
                        "id": "2826122:verify-stub-idp-federation-config",
                        "attributes": {
                            "etag": "W/\"ef94ed5e2790bfc1f46e1a0c0edb2c30\"",
                            "id": "2826122:verify-stub-idp-federation-config",
                            "permission": "push",
                            "repository": "verify-stub-idp-federation-config",
                            "team_id": "2826122"
                        },
                        "meta": {},
                        "tainted": false
                    },
                    "deposed": [],
                    "provider": "provider.github"
                }
            },
            "depends_on": []
        },
        {
            "path": [
                "root",
                "repo_verify_support_form"
            ],
            "outputs": {},
            "resources": {
                "github_branch_protection.repo_protect_master": {
                    "type": "github_branch_protection",
                    "depends_on": [],
                    "primary": {
                        "id": "verify-support-form:master",
                        "attributes": {
                            "branch": "master",
                            "enforce_admins": "false",
                            "etag": "W/\"32a5506be77b6b24bd49e7e146e92dd9\"",
                            "id": "verify-support-form:master",
                            "repository": "verify-support-form",
                            "required_pull_request_reviews.#": "1",
                            "required_pull_request_reviews.0.dismiss_stale_reviews": "true",
                            "required_pull_request_reviews.0.dismissal_teams.#": "0",
                            "required_pull_request_reviews.0.dismissal_users.#": "0",
                            "required_pull_request_reviews.0.include_admins": "false",
                            "required_pull_request_reviews.0.require_code_owner_reviews": "false",
                            "required_pull_request_reviews.0.required_approving_review_count": "2",
                            "required_status_checks.#": "0",
                            "restrictions.#": "0"
                        },
                        "meta": {},
                        "tainted": false
                    },
                    "deposed": [],
                    "provider": "provider.github"
                },
                "github_repository.repo": {
                    "type": "github_repository",
                    "depends_on": [],
                    "primary": {
                        "id": "verify-support-form",
                        "attributes": {
                            "allow_merge_commit": "true",
                            "allow_rebase_merge": "false",
                            "allow_squash_merge": "false",
                            "archived": "false",
                            "auto_init": "true",
                            "default_branch": "master",
                            "description": "Verify support form",
                            "etag": "W/\"64a6b45fdc00a9d42b658769052143dd\"",
                            "full_name": "alphagov/verify-support-form",
                            "git_clone_url": "git://github.com/alphagov/verify-support-form.git",
                            "has_downloads": "false",
                            "has_issues": "true",
                            "has_wiki": "true",
                            "homepage_url": "",
                            "html_url": "https://github.com/alphagov/verify-support-form",
                            "http_clone_url": "https://github.com/alphagov/verify-support-form.git",
                            "id": "verify-support-form",
                            "name": "verify-support-form",
                            "private": "false",
                            "ssh_clone_url": "git@github.com:alphagov/verify-support-form.git",
                            "svn_url": "https://github.com/alphagov/verify-support-form",
                            "topics.#": "1",
                            "topics.2357015465": "verify"
                        },
                        "meta": {},
                        "tainted": false
                    },
                    "deposed": [],
                    "provider": "provider.github"
                },
                "github_team_repository.repo_team_push": {
                    "type": "github_team_repository",
                    "depends_on": [
                        "data.github_team.push_teams.*",
                        "github_repository.repo"
                    ],
                    "primary": {
                        "id": "2826122:verify-support-form",
                        "attributes": {
                            "etag": "W/\"86c78fa65eaea2cf30feb0ed72494035\"",
                            "id": "2826122:verify-support-form",
                            "permission": "push",
                            "repository": "verify-support-form",
                            "team_id": "2826122"
                        },
                        "meta": {},
                        "tainted": false
                    },
                    "deposed": [],
                    "provider": "provider.github"
                }
            },
            "depends_on": []
        },
        {
            "path": [
                "root",
                "repo_verify_team_manual"
            ],
            "outputs": {},
            "resources": {
                "github_branch_protection.repo_protect_master": {
                    "type": "github_branch_protection",
                    "depends_on": [],
                    "primary": {
                        "id": "verify-team-manual:master",
                        "attributes": {
                            "branch": "master",
                            "enforce_admins": "false",
                            "etag": "W/\"715d4a661756811491d1af2086a2f4ca\"",
                            "id": "verify-team-manual:master",
                            "repository": "verify-team-manual",
                            "required_pull_request_reviews.#": "1",
                            "required_pull_request_reviews.0.dismiss_stale_reviews": "true",
                            "required_pull_request_reviews.0.dismissal_teams.#": "0",
                            "required_pull_request_reviews.0.dismissal_users.#": "0",
                            "required_pull_request_reviews.0.include_admins": "false",
                            "required_pull_request_reviews.0.require_code_owner_reviews": "false",
                            "required_pull_request_reviews.0.required_approving_review_count": "2",
                            "required_status_checks.#": "0",
                            "restrictions.#": "0"
                        },
                        "meta": {},
                        "tainted": false
                    },
                    "deposed": [],
                    "provider": "provider.github"
                },
                "github_repository.repo": {
                    "type": "github_repository",
                    "depends_on": [],
                    "primary": {
                        "id": "verify-team-manual",
                        "attributes": {
                            "allow_merge_commit": "true",
                            "allow_rebase_merge": "false",
                            "allow_squash_merge": "false",
                            "archived": "false",
                            "auto_init": "true",
                            "default_branch": "master",
                            "description": "",
                            "etag": "W/\"589543710396492b86324f390719a0e6\"",
                            "full_name": "alphagov/verify-team-manual",
                            "git_clone_url": "git://github.com/alphagov/verify-team-manual.git",
                            "has_downloads": "false",
                            "has_issues": "true",
                            "has_wiki": "true",
                            "homepage_url": "",
                            "html_url": "https://github.com/alphagov/verify-team-manual",
                            "http_clone_url": "https://github.com/alphagov/verify-team-manual.git",
                            "id": "verify-team-manual",
                            "name": "verify-team-manual",
                            "private": "true",
                            "ssh_clone_url": "git@github.com:alphagov/verify-team-manual.git",
                            "svn_url": "https://github.com/alphagov/verify-team-manual",
                            "topics.#": "1",
                            "topics.2357015465": "verify"
                        },
                        "meta": {},
                        "tainted": false
                    },
                    "deposed": [],
                    "provider": "provider.github"
                },
                "github_team_repository.repo_team_push.0": {
                    "type": "github_team_repository",
                    "depends_on": [
                        "data.github_team.push_teams.*",
                        "github_repository.repo"
                    ],
                    "primary": {
                        "id": "2826122:verify-team-manual",
                        "attributes": {
                            "etag": "W/\"c5f026d829526f43d766af72072600a8\"",
                            "id": "2826122:verify-team-manual",
                            "permission": "push",
                            "repository": "verify-team-manual",
                            "team_id": "2826122"
                        },
                        "meta": {},
                        "tainted": false
                    },
                    "deposed": [],
                    "provider": "provider.github"
                },
                "github_team_repository.repo_team_push.1": {
                    "type": "github_team_repository",
                    "depends_on": [
                        "data.github_team.push_teams.*",
                        "github_repository.repo"
                    ],
                    "primary": {
                        "id": "2826127:verify-team-manual",
                        "attributes": {
                            "etag": "W/\"c5f026d829526f43d766af72072600a8\"",
                            "id": "2826127:verify-team-manual",
                            "permission": "push",
                            "repository": "verify-team-manual",
                            "team_id": "2826127"
                        },
                        "meta": {},
                        "tainted": false
                    },
                    "deposed": [],
                    "provider": "provider.github"
                }
            },
            "depends_on": []
        },
        {
            "path": [
                "root",
                "repo_verify_tech_team"
            ],
            "outputs": {},
            "resources": {
                "github_branch_protection.repo_protect_master": {
                    "type": "github_branch_protection",
                    "depends_on": [],
                    "primary": {
                        "id": "verify-tech-team:master",
                        "attributes": {
                            "branch": "master",
                            "enforce_admins": "false",
                            "etag": "W/\"19da425b9e48e7437464cf69c0aaf889\"",
                            "id": "verify-tech-team:master",
                            "repository": "verify-tech-team",
                            "required_pull_request_reviews.#": "1",
                            "required_pull_request_reviews.0.dismiss_stale_reviews": "true",
                            "required_pull_request_reviews.0.dismissal_teams.#": "0",
                            "required_pull_request_reviews.0.dismissal_users.#": "0",
                            "required_pull_request_reviews.0.include_admins": "false",
                            "required_pull_request_reviews.0.require_code_owner_reviews": "false",
                            "required_pull_request_reviews.0.required_approving_review_count": "2",
                            "required_status_checks.#": "0",
                            "restrictions.#": "0"
                        },
                        "meta": {},
                        "tainted": false
                    },
                    "deposed": [],
                    "provider": "provider.github"
                },
                "github_repository.repo": {
                    "type": "github_repository",
                    "depends_on": [],
                    "primary": {
                        "id": "verify-tech-team",
                        "attributes": {
                            "allow_merge_commit": "true",
                            "allow_rebase_merge": "false",
                            "allow_squash_merge": "false",
                            "archived": "false",
                            "auto_init": "true",
                            "default_branch": "master",
                            "description": "Data about Verify team members",
                            "etag": "W/\"f8d3c522364911c5fdf2400ab7120228\"",
                            "full_name": "alphagov/verify-tech-team",
                            "git_clone_url": "git://github.com/alphagov/verify-tech-team.git",
                            "has_downloads": "false",
                            "has_issues": "true",
                            "has_wiki": "true",
                            "homepage_url": "",
                            "html_url": "https://github.com/alphagov/verify-tech-team",
                            "http_clone_url": "https://github.com/alphagov/verify-tech-team.git",
                            "id": "verify-tech-team",
                            "name": "verify-tech-team",
                            "private": "true",
                            "ssh_clone_url": "git@github.com:alphagov/verify-tech-team.git",
                            "svn_url": "https://github.com/alphagov/verify-tech-team",
                            "topics.#": "1",
                            "topics.2357015465": "verify"
                        },
                        "meta": {},
                        "tainted": false
                    },
                    "deposed": [],
                    "provider": "provider.github"
                },
                "github_team_repository.repo_team_push": {
                    "type": "github_team_repository",
                    "depends_on": [
                        "data.github_team.push_teams.*",
                        "github_repository.repo"
                    ],
                    "primary": {
                        "id": "2826122:verify-tech-team",
                        "attributes": {
                            "etag": "W/\"3792173111f9efd0929f9f7f00805978\"",
                            "id": "2826122:verify-tech-team",
                            "permission": "push",
                            "repository": "verify-tech-team",
                            "team_id": "2826122"
                        },
                        "meta": {},
                        "tainted": false
                    },
                    "deposed": [],
                    "provider": "provider.github"
                }
            },
            "depends_on": []
        },
        {
            "path": [
                "root",
                "repo_verify_terraform"
            ],
            "outputs": {},
            "resources": {
                "github_branch_protection.repo_protect_master": {
                    "type": "github_branch_protection",
                    "depends_on": [],
                    "primary": {
                        "id": "verify-terraform:master",
                        "attributes": {
                            "branch": "master",
                            "enforce_admins": "false",
                            "etag": "W/\"b284cb330fce1c8ba92efbf5337cf5a0\"",
                            "id": "verify-terraform:master",
                            "repository": "verify-terraform",
                            "required_pull_request_reviews.#": "1",
                            "required_pull_request_reviews.0.dismiss_stale_reviews": "true",
                            "required_pull_request_reviews.0.dismissal_teams.#": "0",
                            "required_pull_request_reviews.0.dismissal_users.#": "0",
                            "required_pull_request_reviews.0.include_admins": "false",
                            "required_pull_request_reviews.0.require_code_owner_reviews": "false",
                            "required_pull_request_reviews.0.required_approving_review_count": "2",
                            "required_status_checks.#": "0",
                            "restrictions.#": "0"
                        },
                        "meta": {},
                        "tainted": false
                    },
                    "deposed": [],
                    "provider": "provider.github"
                },
                "github_repository.repo": {
                    "type": "github_repository",
                    "depends_on": [],
                    "primary": {
                        "id": "verify-terraform",
                        "attributes": {
                            "allow_merge_commit": "true",
                            "allow_rebase_merge": "false",
                            "allow_squash_merge": "false",
                            "archived": "false",
                            "auto_init": "true",
                            "default_branch": "master",
                            "description": "Terraform code for GOV.UK Verify infrastructure",
                            "etag": "W/\"206a6a434dfb51503ad8082542be5c5f\"",
                            "full_name": "alphagov/verify-terraform",
                            "git_clone_url": "git://github.com/alphagov/verify-terraform.git",
                            "has_downloads": "false",
                            "has_issues": "true",
                            "has_wiki": "true",
                            "homepage_url": "",
                            "html_url": "https://github.com/alphagov/verify-terraform",
                            "http_clone_url": "https://github.com/alphagov/verify-terraform.git",
                            "id": "verify-terraform",
                            "name": "verify-terraform",
                            "private": "true",
                            "ssh_clone_url": "git@github.com:alphagov/verify-terraform.git",
                            "svn_url": "https://github.com/alphagov/verify-terraform",
                            "topics.#": "1",
                            "topics.2357015465": "verify"
                        },
                        "meta": {},
                        "tainted": false
                    },
                    "deposed": [],
                    "provider": "provider.github"
                },
                "github_team_repository.repo_team_push.0": {
                    "type": "github_team_repository",
                    "depends_on": [
                        "data.github_team.push_teams.*",
                        "github_repository.repo"
                    ],
                    "primary": {
                        "id": "2826122:verify-terraform",
                        "attributes": {
                            "etag": "W/\"00da86570adc849c266351b5baecb83f\"",
                            "id": "2826122:verify-terraform",
                            "permission": "push",
                            "repository": "verify-terraform",
                            "team_id": "2826122"
                        },
                        "meta": {},
                        "tainted": false
                    },
                    "deposed": [],
                    "provider": "provider.github"
                },
                "github_team_repository.repo_team_push.1": {
                    "type": "github_team_repository",
                    "depends_on": [
                        "data.github_team.push_teams.*",
                        "github_repository.repo"
                    ],
                    "primary": {
                        "id": "2826127:verify-terraform",
                        "attributes": {
                            "etag": "W/\"00da86570adc849c266351b5baecb83f\"",
                            "id": "2826127:verify-terraform",
                            "permission": "push",
                            "repository": "verify-terraform",
                            "team_id": "2826127"
                        },
                        "meta": {},
                        "tainted": false
                    },
                    "deposed": [],
                    "provider": "provider.github"
                }
            },
            "depends_on": []
        },
        {
            "path": [
                "root",
                "repo_verify_test_repo"
            ],
            "outputs": {},
            "resources": {
                "github_branch_protection.repo_protect_master": {
                    "type": "github_branch_protection",
                    "depends_on": [],
                    "primary": {
                        "id": "verify-test-repo:master",
                        "attributes": {
                            "branch": "master",
                            "enforce_admins": "false",
                            "etag": "W/\"3c19f33b472dd4c66361d4d76ebd402f\"",
                            "id": "verify-test-repo:master",
                            "repository": "verify-test-repo",
                            "required_pull_request_reviews.#": "1",
                            "required_pull_request_reviews.0.dismiss_stale_reviews": "true",
                            "required_pull_request_reviews.0.dismissal_teams.#": "0",
                            "required_pull_request_reviews.0.dismissal_users.#": "0",
                            "required_pull_request_reviews.0.include_admins": "false",
                            "required_pull_request_reviews.0.require_code_owner_reviews": "false",
                            "required_pull_request_reviews.0.required_approving_review_count": "2",
                            "required_status_checks.#": "0",
                            "restrictions.#": "0"
                        },
                        "meta": {},
                        "tainted": false
                    },
                    "deposed": [],
                    "provider": "provider.github"
                },
                "github_repository.repo": {
                    "type": "github_repository",
                    "depends_on": [],
                    "primary": {
                        "id": "verify-test-repo",
                        "attributes": {
                            "allow_merge_commit": "true",
                            "allow_rebase_merge": "false",
                            "allow_squash_merge": "false",
                            "archived": "false",
                            "auto_init": "true",
                            "default_branch": "master",
                            "description": "Test repo",
                            "etag": "W/\"507b74b215361ee094b66bfa59c0cdfd\"",
                            "full_name": "alphagov/verify-test-repo",
                            "git_clone_url": "git://github.com/alphagov/verify-test-repo.git",
                            "has_downloads": "false",
                            "has_issues": "true",
                            "has_wiki": "true",
                            "homepage_url": "",
                            "html_url": "https://github.com/alphagov/verify-test-repo",
                            "http_clone_url": "https://github.com/alphagov/verify-test-repo.git",
                            "id": "verify-test-repo",
                            "name": "verify-test-repo",
                            "private": "false",
                            "ssh_clone_url": "git@github.com:alphagov/verify-test-repo.git",
                            "svn_url": "https://github.com/alphagov/verify-test-repo",
                            "topics.#": "0"
                        },
                        "meta": {},
                        "tainted": false
                    },
                    "deposed": [],
                    "provider": "provider.github"
                },
                "github_team_repository.repo_team_push": {
                    "type": "github_team_repository",
                    "depends_on": [
                        "data.github_team.teams.*",
                        "github_repository.repo"
                    ],
                    "primary": {
                        "id": "2826122:verify-test-repo",
                        "attributes": {
                            "etag": "W/\"17076d7016b30e29e55ef9b03a53c502\"",
                            "id": "2826122:verify-test-repo",
                            "permission": "push",
                            "repository": "verify-test-repo",
                            "team_id": "2826122"
                        },
                        "meta": {},
                        "tainted": false
                    },
                    "deposed": [],
                    "provider": "provider.github"
                }
            },
            "depends_on": []
        },
        {
            "path": [
                "root",
                "repo_verify_test_rp"
            ],
            "outputs": {},
            "resources": {
                "github_branch_protection.repo_protect_master": {
                    "type": "github_branch_protection",
                    "depends_on": [],
                    "primary": {
                        "id": "verify-test-rp:master",
                        "attributes": {
                            "branch": "master",
                            "enforce_admins": "false",
                            "etag": "W/\"a073c9c733f114a1e9542e362a548166\"",
                            "id": "verify-test-rp:master",
                            "repository": "verify-test-rp",
                            "required_pull_request_reviews.#": "1",
                            "required_pull_request_reviews.0.dismiss_stale_reviews": "true",
                            "required_pull_request_reviews.0.dismissal_teams.#": "0",
                            "required_pull_request_reviews.0.dismissal_users.#": "0",
                            "required_pull_request_reviews.0.include_admins": "false",
                            "required_pull_request_reviews.0.require_code_owner_reviews": "false",
                            "required_pull_request_reviews.0.required_approving_review_count": "2",
                            "required_status_checks.#": "0",
                            "restrictions.#": "0"
                        },
                        "meta": {},
                        "tainted": false
                    },
                    "deposed": [],
                    "provider": "provider.github"
                },
                "github_repository.repo": {
                    "type": "github_repository",
                    "depends_on": [],
                    "primary": {
                        "id": "verify-test-rp",
                        "attributes": {
                            "allow_merge_commit": "true",
                            "allow_rebase_merge": "false",
                            "allow_squash_merge": "false",
                            "archived": "false",
                            "auto_init": "true",
                            "default_branch": "master",
                            "description": "Verify Test Relying Party",
                            "etag": "W/\"f89c0dd301671bccdd73d40bcd85931f\"",
                            "full_name": "alphagov/verify-test-rp",
                            "git_clone_url": "git://github.com/alphagov/verify-test-rp.git",
                            "has_downloads": "false",
                            "has_issues": "true",
                            "has_wiki": "true",
                            "homepage_url": "",
                            "html_url": "https://github.com/alphagov/verify-test-rp",
                            "http_clone_url": "https://github.com/alphagov/verify-test-rp.git",
                            "id": "verify-test-rp",
                            "name": "verify-test-rp",
                            "private": "false",
                            "ssh_clone_url": "git@github.com:alphagov/verify-test-rp.git",
                            "svn_url": "https://github.com/alphagov/verify-test-rp",
                            "topics.#": "3",
                            "topics.1785148924": "test",
                            "topics.2357015465": "verify",
                            "topics.3725491923": "relying-party"
                        },
                        "meta": {},
                        "tainted": false
                    },
                    "deposed": [],
                    "provider": "provider.github"
                },
                "github_team_repository.repo_team_push": {
                    "type": "github_team_repository",
                    "depends_on": [
                        "data.github_team.teams.*",
                        "github_repository.repo"
                    ],
                    "primary": {
                        "id": "2826122:verify-test-rp",
                        "attributes": {
                            "etag": "W/\"1f928e492fa51677a46aabc5f401275b\"",
                            "id": "2826122:verify-test-rp",
                            "permission": "push",
                            "repository": "verify-test-rp",
                            "team_id": "2826122"
                        },
                        "meta": {},
                        "tainted": false
                    },
                    "deposed": [],
                    "provider": "provider.github"
                }
            },
            "depends_on": []
        },
        {
            "path": [
                "root",
                "repo_verify_token_service"
            ],
            "outputs": {},
            "resources": {
                "github_branch_protection.repo_protect_master": {
                    "type": "github_branch_protection",
                    "depends_on": [],
                    "primary": {
                        "id": "verify-token-service:master",
                        "attributes": {
                            "branch": "master",
                            "enforce_admins": "false",
                            "etag": "W/\"23b2bc424c7418dfa9f949beb20f32bf\"",
                            "id": "verify-token-service:master",
                            "repository": "verify-token-service",
                            "required_pull_request_reviews.#": "1",
                            "required_pull_request_reviews.0.dismiss_stale_reviews": "true",
                            "required_pull_request_reviews.0.dismissal_teams.#": "0",
                            "required_pull_request_reviews.0.dismissal_users.#": "0",
                            "required_pull_request_reviews.0.include_admins": "false",
                            "required_pull_request_reviews.0.require_code_owner_reviews": "false",
                            "required_pull_request_reviews.0.required_approving_review_count": "2",
                            "required_status_checks.#": "0",
                            "restrictions.#": "0"
                        },
                        "meta": {},
                        "tainted": false
                    },
                    "deposed": [],
                    "provider": "provider.github"
                },
                "github_repository.repo": {
                    "type": "github_repository",
                    "depends_on": [],
                    "primary": {
                        "id": "verify-token-service",
                        "attributes": {
                            "allow_merge_commit": "true",
                            "allow_rebase_merge": "false",
                            "allow_squash_merge": "false",
                            "archived": "true",
                            "auto_init": "true",
                            "default_branch": "master",
                            "description": "Verify Token Service",
                            "etag": "W/\"097d7d05bed268ef635541d8858e9738\"",
                            "full_name": "alphagov/verify-token-service",
                            "git_clone_url": "git://github.com/alphagov/verify-token-service.git",
                            "has_downloads": "false",
                            "has_issues": "true",
                            "has_wiki": "true",
                            "homepage_url": "",
                            "html_url": "https://github.com/alphagov/verify-token-service",
                            "http_clone_url": "https://github.com/alphagov/verify-token-service.git",
                            "id": "verify-token-service",
                            "name": "verify-token-service",
                            "private": "true",
                            "ssh_clone_url": "git@github.com:alphagov/verify-token-service.git",
                            "svn_url": "https://github.com/alphagov/verify-token-service",
                            "topics.#": "1",
                            "topics.2357015465": "verify"
                        },
                        "meta": {},
                        "tainted": false
                    },
                    "deposed": [],
                    "provider": "provider.github"
                },
                "github_team_repository.repo_team_push": {
                    "type": "github_team_repository",
                    "depends_on": [
                        "data.github_team.teams.*",
                        "github_repository.repo"
                    ],
                    "primary": {
                        "id": "2826122:verify-token-service",
                        "attributes": {
                            "etag": "W/\"e3f38524af4e09e2f1b166950baa29a0\"",
                            "id": "2826122:verify-token-service",
                            "permission": "pull",
                            "repository": "verify-token-service",
                            "team_id": "2826122"
                        },
                        "meta": {},
                        "tainted": false
                    },
                    "deposed": [],
                    "provider": "provider.github"
                }
            },
            "depends_on": []
        },
        {
            "path": [
                "root",
                "repo_verify_utils_libs"
            ],
            "outputs": {},
            "resources": {
                "github_branch_protection.repo_protect_master": {
                    "type": "github_branch_protection",
                    "depends_on": [],
                    "primary": {
                        "id": "verify-utils-libs:master",
                        "attributes": {
                            "branch": "master",
                            "enforce_admins": "false",
                            "etag": "W/\"d7ad8ab0163f25bf6453dbcda8e60ac2\"",
                            "id": "verify-utils-libs:master",
                            "repository": "verify-utils-libs",
                            "required_pull_request_reviews.#": "1",
                            "required_pull_request_reviews.0.dismiss_stale_reviews": "true",
                            "required_pull_request_reviews.0.dismissal_teams.#": "0",
                            "required_pull_request_reviews.0.dismissal_users.#": "0",
                            "required_pull_request_reviews.0.include_admins": "false",
                            "required_pull_request_reviews.0.require_code_owner_reviews": "false",
                            "required_pull_request_reviews.0.required_approving_review_count": "2",
                            "required_status_checks.#": "0",
                            "restrictions.#": "0"
                        },
                        "meta": {},
                        "tainted": false
                    },
                    "deposed": [],
                    "provider": "provider.github"
                },
                "github_repository.repo": {
                    "type": "github_repository",
                    "depends_on": [],
                    "primary": {
                        "id": "verify-utils-libs",
                        "attributes": {
                            "allow_merge_commit": "true",
                            "allow_rebase_merge": "false",
                            "allow_squash_merge": "false",
                            "archived": "false",
                            "auto_init": "true",
                            "default_branch": "master",
                            "description": "Libraries used across multiple Verify projects",
                            "etag": "W/\"458cac75ae0b98497133194228f43bb7\"",
                            "full_name": "alphagov/verify-utils-libs",
                            "git_clone_url": "git://github.com/alphagov/verify-utils-libs.git",
                            "has_downloads": "false",
                            "has_issues": "true",
                            "has_wiki": "true",
                            "homepage_url": "",
                            "html_url": "https://github.com/alphagov/verify-utils-libs",
                            "http_clone_url": "https://github.com/alphagov/verify-utils-libs.git",
                            "id": "verify-utils-libs",
                            "name": "verify-utils-libs",
                            "private": "false",
                            "ssh_clone_url": "git@github.com:alphagov/verify-utils-libs.git",
                            "svn_url": "https://github.com/alphagov/verify-utils-libs",
                            "topics.#": "1",
                            "topics.2357015465": "verify"
                        },
                        "meta": {},
                        "tainted": false
                    },
                    "deposed": [],
                    "provider": "provider.github"
                },
                "github_team_repository.repo_team_push": {
                    "type": "github_team_repository",
                    "depends_on": [
                        "data.github_team.teams.*",
                        "github_repository.repo"
                    ],
                    "primary": {
                        "id": "2826122:verify-utils-libs",
                        "attributes": {
                            "etag": "W/\"f106203c1cfc50d85eaa86257bac8d06\"",
                            "id": "2826122:verify-utils-libs",
                            "permission": "push",
                            "repository": "verify-utils-libs",
                            "team_id": "2826122"
                        },
                        "meta": {},
                        "tainted": false
                    },
                    "deposed": [],
                    "provider": "provider.github"
                }
            },
            "depends_on": []
        }
    ]
}
