{
    "version": 3,
    "terraform_version": "0.11.13",
    "serial": 242,
    "lineage": "e05ac5fe-9a52-a058-fa84-c98012a6fa07",
    "modules": [
        {
            "path": [
                "root"
            ],
            "outputs": {},
            "resources": {
                "data.github_team.core": {
                    "type": "github_team",
                    "depends_on": [],
                    "primary": {
                        "id": "2826122",
                        "attributes": {
                            "description": "Verify tech team: verify-tech-team-core",
                            "id": "2826122",
                            "members.#": "30",
                            "members.0": "idrop",
                            "members.1": "46bit",
                            "members.10": "Todai88",
                            "members.11": "robinmitra",
                            "members.12": "brenetic",
                            "members.13": "nacnudus",
                            "members.14": "CharlesIC",
                            "members.15": "jkunle",
                            "members.16": "sakisv",
                            "members.17": "Rosa-Fox",
                            "members.18": "AnneCarr",
                            "members.19": "ida-build-bot",
                            "members.2": "galund",
                            "members.20": "chrisclayson",
                            "members.21": "blairboy362",
                            "members.22": "Wynndow",
                            "members.23": "andy-paine",
                            "members.24": "tomrosier",
                            "members.25": "bjgill",
                            "members.26": "RacingHippo",
                            "members.27": "bravegrape",
                            "members.28": "mhussein-gds",
                            "members.29": "adityapahuja",
                            "members.3": "issyl0",
                            "members.4": "philandstuff",
                            "members.5": "chrisholmes",
                            "members.6": "thomasalanlee",
                            "members.7": "tlwr",
                            "members.8": "kerrr",
                            "members.9": "zilnhoj",
                            "name": "verify-tech-team-core",
                            "permission": "pull",
                            "privacy": "closed",
                            "slug": "verify-tech-team-core"
                        },
                        "meta": {},
                        "tainted": false
                    },
                    "deposed": [],
                    "provider": "provider.github"
                },
                "data.github_team.eidas": {
                    "type": "github_team",
                    "depends_on": [],
                    "primary": {
                        "id": "2826126",
                        "attributes": {
                            "description": "Verify tech team: verify-tech-team-eidas",
                            "id": "2826126",
                            "members.#": "13",
                            "members.0": "idrop",
                            "members.1": "chrisholmes",
                            "members.10": "dbes-gds",
                            "members.11": "JohnWattsGDS",
                            "members.12": "ida-codacy-bot",
                            "members.2": "thomasalanlee",
                            "members.3": "CharlesIC",
                            "members.4": "ida-build-bot",
                            "members.5": "blairboy362",
                            "members.6": "Wynndow",
                            "members.7": "tomrosier",
                            "members.8": "benjamin-mortimer",
                            "members.9": "JHjava",
                            "name": "verify-tech-team-eidas",
                            "permission": "pull",
                            "privacy": "closed",
                            "slug": "verify-tech-team-eidas"
                        },
                        "meta": {},
                        "tainted": false
                    },
                    "deposed": [],
                    "provider": "provider.github"
                },
                "data.github_team.infrastructure": {
                    "type": "github_team",
                    "depends_on": [],
                    "primary": {
                        "id": "2826127",
                        "attributes": {
                            "description": "Verify tech team: verify-tech-team-infrastructure",
                            "id": "2826127",
                            "members.#": "18",
                            "members.0": "46bit",
                            "members.1": "issyl0",
                            "members.10": "blairboy362",
                            "members.11": "andy-paine",
                            "members.12": "jstandring-gds",
                            "members.13": "adityapahuja",
                            "members.14": "rhowe-gds",
                            "members.15": "matthewcullum-gds",
                            "members.16": "szd55gds",
                            "members.17": "rbonenettitude",
                            "members.2": "philandstuff",
                            "members.3": "chrisholmes",
                            "members.4": "thomasalanlee",
                            "members.5": "mmhmm",
                            "members.6": "tlwr",
                            "members.7": "sakisv",
                            "members.8": "stephengrier",
                            "members.9": "smford",
                            "name": "verify-tech-team-infrastructure",
                            "permission": "pull",
                            "privacy": "closed",
                            "slug": "verify-tech-team-infrastructure"
                        },
                        "meta": {},
                        "tainted": false
                    },
                    "deposed": [],
                    "provider": "provider.github"
                }
            },
            "depends_on": []
        },
        {
            "path": [
                "root",
                "repo_dcs_client"
            ],
            "outputs": {},
            "resources": {
                "github_branch_protection.repo_protect_master": {
                    "type": "github_branch_protection",
                    "depends_on": [],
                    "primary": {
                        "id": "dcs-client:master",
                        "attributes": {
                            "branch": "master",
                            "enforce_admins": "false",
                            "etag": "W/\"501ec5956c9fdfb1c8b89d24752492ff\"",
                            "id": "dcs-client:master",
                            "repository": "dcs-client",
                            "required_pull_request_reviews.#": "1",
                            "required_pull_request_reviews.0.dismiss_stale_reviews": "true",
                            "required_pull_request_reviews.0.dismissal_teams.#": "0",
                            "required_pull_request_reviews.0.dismissal_users.#": "0",
                            "required_pull_request_reviews.0.include_admins": "false",
                            "required_pull_request_reviews.0.require_code_owner_reviews": "false",
                            "required_pull_request_reviews.0.required_approving_review_count": "2",
                            "required_status_checks.#": "0",
                            "restrictions.#": "0"
                        },
                        "meta": {},
                        "tainted": false
                    },
                    "deposed": [],
                    "provider": "provider.github"
                },
                "github_repository.repo": {
                    "type": "github_repository",
                    "depends_on": [],
                    "primary": {
                        "id": "dcs-client",
                        "attributes": {
                            "allow_merge_commit": "true",
                            "allow_rebase_merge": "false",
                            "allow_squash_merge": "false",
                            "archived": "false",
                            "auto_init": "true",
                            "default_branch": "master",
                            "description": "A client for the Document Checking Service",
                            "etag": "W/\"e3db90835d068fb0b9f37d57ab971672\"",
                            "full_name": "alphagov/dcs-client",
                            "git_clone_url": "git://github.com/alphagov/dcs-client.git",
                            "has_downloads": "false",
                            "has_issues": "true",
                            "has_wiki": "true",
                            "homepage_url": "",
                            "html_url": "https://github.com/alphagov/dcs-client",
                            "http_clone_url": "https://github.com/alphagov/dcs-client.git",
                            "id": "dcs-client",
                            "name": "dcs-client",
                            "private": "false",
                            "ssh_clone_url": "git@github.com:alphagov/dcs-client.git",
                            "svn_url": "https://github.com/alphagov/dcs-client",
                            "topics.#": "2",
                            "topics.1787300128": "dcs",
                            "topics.2357015465": "verify"
                        },
                        "meta": {},
                        "tainted": false
                    },
                    "deposed": [],
                    "provider": "provider.github"
                },
                "github_team_repository.repo_team_push": {
                    "type": "github_team_repository",
                    "depends_on": [
                        "data.github_team.push_teams.*",
                        "github_repository.repo"
                    ],
                    "primary": {
                        "id": "2826122:dcs-client",
                        "attributes": {
                            "etag": "W/\"ee6120b3cf5174272c049819b77d2f06\"",
                            "id": "2826122:dcs-client",
                            "permission": "push",
                            "repository": "dcs-client",
                            "team_id": "2826122"
                        },
                        "meta": {},
                        "tainted": false
                    },
                    "deposed": [],
                    "provider": "provider.github"
                }
            },
            "depends_on": []
        },
        {
            "path": [
                "root",
                "repo_dcs_client_acceptance_tests"
            ],
            "outputs": {},
            "resources": {
                "github_branch_protection.repo_protect_master": {
                    "type": "github_branch_protection",
                    "depends_on": [],
                    "primary": {
                        "id": "dcs-client-acceptance-tests:master",
                        "attributes": {
                            "branch": "master",
                            "enforce_admins": "false",
                            "etag": "W/\"3cf5078f3551e0216ab47020659c8a56\"",
                            "id": "dcs-client-acceptance-tests:master",
                            "repository": "dcs-client-acceptance-tests",
                            "required_pull_request_reviews.#": "1",
                            "required_pull_request_reviews.0.dismiss_stale_reviews": "true",
                            "required_pull_request_reviews.0.dismissal_teams.#": "0",
                            "required_pull_request_reviews.0.dismissal_users.#": "0",
                            "required_pull_request_reviews.0.include_admins": "false",
                            "required_pull_request_reviews.0.require_code_owner_reviews": "false",
                            "required_pull_request_reviews.0.required_approving_review_count": "2",
                            "required_status_checks.#": "0",
                            "restrictions.#": "0"
                        },
                        "meta": {},
                        "tainted": false
                    },
                    "deposed": [],
                    "provider": "provider.github"
                },
                "github_repository.repo": {
                    "type": "github_repository",
                    "depends_on": [],
                    "primary": {
                        "id": "dcs-client-acceptance-tests",
                        "attributes": {
                            "allow_merge_commit": "true",
                            "allow_rebase_merge": "false",
                            "allow_squash_merge": "false",
                            "archived": "false",
                            "auto_init": "true",
                            "default_branch": "master",
                            "description": "Acceptance tests for the DCS client - https://github.com/alphagov/dcs-client",
                            "etag": "W/\"4679723a89b1f8f98bdc9e0f3e7136b9\"",
                            "full_name": "alphagov/dcs-client-acceptance-tests",
                            "git_clone_url": "git://github.com/alphagov/dcs-client-acceptance-tests.git",
                            "has_downloads": "false",
                            "has_issues": "true",
                            "has_wiki": "true",
                            "homepage_url": "",
                            "html_url": "https://github.com/alphagov/dcs-client-acceptance-tests",
                            "http_clone_url": "https://github.com/alphagov/dcs-client-acceptance-tests.git",
                            "id": "dcs-client-acceptance-tests",
                            "name": "dcs-client-acceptance-tests",
                            "private": "true",
                            "ssh_clone_url": "git@github.com:alphagov/dcs-client-acceptance-tests.git",
                            "svn_url": "https://github.com/alphagov/dcs-client-acceptance-tests",
                            "topics.#": "1",
                            "topics.2357015465": "verify"
                        },
                        "meta": {},
                        "tainted": false
                    },
                    "deposed": [],
                    "provider": "provider.github"
                },
                "github_team_repository.repo_team_push": {
                    "type": "github_team_repository",
                    "depends_on": [
                        "data.github_team.push_teams.*",
                        "github_repository.repo"
                    ],
                    "primary": {
                        "id": "2826122:dcs-client-acceptance-tests",
                        "attributes": {
                            "etag": "W/\"564a0d49fdae783f2e7864e693247af7\"",
                            "id": "2826122:dcs-client-acceptance-tests",
                            "permission": "push",
                            "repository": "dcs-client-acceptance-tests",
                            "team_id": "2826122"
                        },
                        "meta": {},
                        "tainted": false
                    },
                    "deposed": [],
                    "provider": "provider.github"
                }
            },
            "depends_on": []
        },
        {
            "path": [
                "root",
                "repo_dcs_performance_tests"
            ],
            "outputs": {},
            "resources": {
                "github_branch_protection.repo_protect_master": {
                    "type": "github_branch_protection",
                    "depends_on": [],
                    "primary": {
                        "id": "dcs-performance-tests:master",
                        "attributes": {
                            "branch": "master",
                            "enforce_admins": "false",
                            "etag": "W/\"448bdfb7e3bdc95de9c2812b4bc7cf5a\"",
                            "id": "dcs-performance-tests:master",
                            "repository": "dcs-performance-tests",
                            "required_pull_request_reviews.#": "1",
                            "required_pull_request_reviews.0.dismiss_stale_reviews": "true",
                            "required_pull_request_reviews.0.dismissal_teams.#": "0",
                            "required_pull_request_reviews.0.dismissal_users.#": "0",
                            "required_pull_request_reviews.0.include_admins": "false",
                            "required_pull_request_reviews.0.require_code_owner_reviews": "false",
                            "required_pull_request_reviews.0.required_approving_review_count": "2",
                            "required_status_checks.#": "0",
                            "restrictions.#": "0"
                        },
                        "meta": {},
                        "tainted": false
                    },
                    "deposed": [],
                    "provider": "provider.github"
                },
                "github_repository.repo": {
                    "type": "github_repository",
                    "depends_on": [],
                    "primary": {
                        "id": "dcs-performance-tests",
                        "attributes": {
                            "allow_merge_commit": "true",
                            "allow_rebase_merge": "false",
                            "allow_squash_merge": "false",
                            "archived": "false",
                            "auto_init": "true",
                            "default_branch": "master",
                            "description": "Verify DCS Performance Tests",
                            "etag": "W/\"1d127968429bcae99a856bde09ad7b64\"",
                            "full_name": "alphagov/dcs-performance-tests",
                            "git_clone_url": "git://github.com/alphagov/dcs-performance-tests.git",
                            "has_downloads": "false",
                            "has_issues": "true",
                            "has_wiki": "true",
                            "homepage_url": "",
                            "html_url": "https://github.com/alphagov/dcs-performance-tests",
                            "http_clone_url": "https://github.com/alphagov/dcs-performance-tests.git",
                            "id": "dcs-performance-tests",
                            "name": "dcs-performance-tests",
                            "private": "true",
                            "ssh_clone_url": "git@github.com:alphagov/dcs-performance-tests.git",
                            "svn_url": "https://github.com/alphagov/dcs-performance-tests",
                            "topics.#": "1",
                            "topics.2357015465": "verify"
                        },
                        "meta": {},
                        "tainted": false
                    },
                    "deposed": [],
                    "provider": "provider.github"
                },
                "github_team_repository.repo_team_push": {
                    "type": "github_team_repository",
                    "depends_on": [
                        "data.github_team.push_teams.*",
                        "github_repository.repo"
                    ],
                    "primary": {
                        "id": "2826122:dcs-performance-tests",
                        "attributes": {
                            "etag": "W/\"91600796047802aee146866ca1b5ddc3\"",
                            "id": "2826122:dcs-performance-tests",
                            "permission": "push",
                            "repository": "dcs-performance-tests",
                            "team_id": "2826122"
                        },
                        "meta": {},
                        "tainted": false
                    },
                    "deposed": [],
                    "provider": "provider.github"
                }
            },
            "depends_on": []
        },
        {
            "path": [
                "root",
                "repo_doc_checking"
            ],
            "outputs": {},
            "resources": {
                "github_branch_protection.repo_protect_master": {
                    "type": "github_branch_protection",
                    "depends_on": [],
                    "primary": {
                        "id": "doc-checking:master",
                        "attributes": {
                            "branch": "master",
                            "enforce_admins": "false",
                            "etag": "W/\"fdd1bfc4207ec877ab808d5e2db9fef7\"",
                            "id": "doc-checking:master",
                            "repository": "doc-checking",
                            "required_pull_request_reviews.#": "1",
                            "required_pull_request_reviews.0.dismiss_stale_reviews": "true",
                            "required_pull_request_reviews.0.dismissal_teams.#": "0",
                            "required_pull_request_reviews.0.dismissal_users.#": "0",
                            "required_pull_request_reviews.0.include_admins": "false",
                            "required_pull_request_reviews.0.require_code_owner_reviews": "false",
                            "required_pull_request_reviews.0.required_approving_review_count": "2",
                            "required_status_checks.#": "0",
                            "restrictions.#": "0"
                        },
                        "meta": {},
                        "tainted": false
                    },
                    "deposed": [],
                    "provider": "provider.github"
                },
                "github_repository.repo": {
                    "type": "github_repository",
                    "depends_on": [],
                    "primary": {
                        "id": "doc-checking",
                        "attributes": {
                            "allow_merge_commit": "true",
                            "allow_rebase_merge": "false",
                            "allow_squash_merge": "false",
                            "archived": "false",
                            "auto_init": "true",
                            "default_branch": "master",
                            "description": "Verify Document Checking Service",
                            "etag": "W/\"c99b6728b5b9607954def707b53ebb01\"",
                            "full_name": "alphagov/doc-checking",
                            "git_clone_url": "git://github.com/alphagov/doc-checking.git",
                            "has_downloads": "false",
                            "has_issues": "true",
                            "has_wiki": "true",
                            "homepage_url": "",
                            "html_url": "https://github.com/alphagov/doc-checking",
                            "http_clone_url": "https://github.com/alphagov/doc-checking.git",
                            "id": "doc-checking",
                            "name": "doc-checking",
                            "private": "true",
                            "ssh_clone_url": "git@github.com:alphagov/doc-checking.git",
                            "svn_url": "https://github.com/alphagov/doc-checking",
                            "topics.#": "1",
                            "topics.2357015465": "verify"
                        },
                        "meta": {},
                        "tainted": false
                    },
                    "deposed": [],
                    "provider": "provider.github"
                },
                "github_team_repository.repo_team_push": {
                    "type": "github_team_repository",
                    "depends_on": [
                        "data.github_team.push_teams.*",
                        "github_repository.repo"
                    ],
                    "primary": {
                        "id": "2826122:doc-checking",
                        "attributes": {
                            "etag": "W/\"c30d24146c2172ce11cf2dc029fd9e7e\"",
                            "id": "2826122:doc-checking",
                            "permission": "push",
                            "repository": "doc-checking",
                            "team_id": "2826122"
                        },
                        "meta": {},
                        "tainted": false
                    },
                    "deposed": [],
                    "provider": "provider.github"
                }
            },
            "depends_on": []
        },
        {
            "path": [
                "root",
                "repo_ida_compliance_tool"
            ],
            "outputs": {},
            "resources": {
                "github_branch_protection.repo_protect_master": {
                    "type": "github_branch_protection",
                    "depends_on": [
                        "github_repository.repo"
                    ],
                    "primary": {
                        "id": "ida-compliance-tool:master",
                        "attributes": {
                            "branch": "master",
                            "enforce_admins": "false",
                            "etag": "W/\"f70c2f1761534de5515599be77b8073b\"",
                            "id": "ida-compliance-tool:master",
                            "repository": "ida-compliance-tool",
                            "required_pull_request_reviews.#": "1",
                            "required_pull_request_reviews.0.dismiss_stale_reviews": "true",
                            "required_pull_request_reviews.0.dismissal_teams.#": "0",
                            "required_pull_request_reviews.0.dismissal_users.#": "0",
                            "required_pull_request_reviews.0.include_admins": "false",
                            "required_pull_request_reviews.0.require_code_owner_reviews": "false",
                            "required_pull_request_reviews.0.required_approving_review_count": "2",
                            "required_status_checks.#": "0",
                            "restrictions.#": "0"
                        },
                        "meta": {},
                        "tainted": false
                    },
                    "deposed": [],
                    "provider": "provider.github"
                },
                "github_repository.repo": {
                    "type": "github_repository",
                    "depends_on": [],
                    "primary": {
                        "id": "ida-compliance-tool",
                        "attributes": {
                            "allow_merge_commit": "true",
                            "allow_rebase_merge": "false",
                            "allow_squash_merge": "false",
                            "archived": "false",
                            "auto_init": "true",
                            "default_branch": "master",
                            "description": "Verify Compliance Tool (temporary)",
                            "etag": "W/\"8616f8c777b48a60eab02e02ad22b50c\"",
                            "full_name": "alphagov/ida-compliance-tool",
                            "git_clone_url": "git://github.com/alphagov/ida-compliance-tool.git",
                            "has_downloads": "false",
                            "has_issues": "true",
                            "has_wiki": "true",
                            "homepage_url": "",
                            "html_url": "https://github.com/alphagov/ida-compliance-tool",
                            "http_clone_url": "https://github.com/alphagov/ida-compliance-tool.git",
                            "id": "ida-compliance-tool",
                            "name": "ida-compliance-tool",
                            "private": "true",
                            "ssh_clone_url": "git@github.com:alphagov/ida-compliance-tool.git",
                            "svn_url": "https://github.com/alphagov/ida-compliance-tool",
                            "topics.#": "1",
                            "topics.2357015465": "verify"
                        },
                        "meta": {},
                        "tainted": false
                    },
                    "deposed": [],
                    "provider": "provider.github"
                },
                "github_team_repository.repo_team_push": {
                    "type": "github_team_repository",
                    "depends_on": [
                        "data.github_team.teams.*",
                        "github_repository.repo"
                    ],
                    "primary": {
                        "id": "2826122:ida-compliance-tool",
                        "attributes": {
                            "etag": "W/\"2664de68b8db42cc42e5e429702c1bf0\"",
                            "id": "2826122:ida-compliance-tool",
                            "permission": "push",
                            "repository": "ida-compliance-tool",
                            "team_id": "2826122"
                        },
                        "meta": {},
                        "tainted": false
                    },
                    "deposed": [],
                    "provider": "provider.github"
                }
            },
            "depends_on": []
        },
        {
            "path": [
                "root",
                "repo_ida_hub_acceptance_tests"
            ],
            "outputs": {},
            "resources": {
                "github_branch_protection.repo_protect_master": {
                    "type": "github_branch_protection",
                    "depends_on": [
                        "github_repository.repo"
                    ],
                    "primary": {
                        "id": "ida-hub-acceptance-tests:master",
                        "attributes": {
                            "branch": "master",
                            "enforce_admins": "false",
                            "etag": "W/\"727f9aa15ae7c0a37512052aa1bd175c\"",
                            "id": "ida-hub-acceptance-tests:master",
                            "repository": "ida-hub-acceptance-tests",
                            "required_pull_request_reviews.#": "1",
                            "required_pull_request_reviews.0.dismiss_stale_reviews": "true",
                            "required_pull_request_reviews.0.dismissal_teams.#": "0",
                            "required_pull_request_reviews.0.dismissal_users.#": "0",
                            "required_pull_request_reviews.0.include_admins": "false",
                            "required_pull_request_reviews.0.require_code_owner_reviews": "false",
                            "required_pull_request_reviews.0.required_approving_review_count": "2",
                            "required_status_checks.#": "0",
                            "restrictions.#": "0"
                        },
                        "meta": {},
                        "tainted": false
                    },
                    "deposed": [],
                    "provider": "provider.github"
                },
                "github_repository.repo": {
                    "type": "github_repository",
                    "depends_on": [],
                    "primary": {
                        "id": "ida-hub-acceptance-tests",
                        "attributes": {
                            "allow_merge_commit": "true",
                            "allow_rebase_merge": "false",
                            "allow_squash_merge": "false",
                            "archived": "false",
                            "auto_init": "true",
                            "default_branch": "master",
                            "description": "Verify Hub acceptance tests (temporary)",
                            "etag": "W/\"9e7dd3186f22fc9e970f1de4cd1b0ac0\"",
                            "full_name": "alphagov/ida-hub-acceptance-tests",
                            "git_clone_url": "git://github.com/alphagov/ida-hub-acceptance-tests.git",
                            "has_downloads": "false",
                            "has_issues": "true",
                            "has_wiki": "true",
                            "homepage_url": "",
                            "html_url": "https://github.com/alphagov/ida-hub-acceptance-tests",
                            "http_clone_url": "https://github.com/alphagov/ida-hub-acceptance-tests.git",
                            "id": "ida-hub-acceptance-tests",
                            "name": "ida-hub-acceptance-tests",
                            "private": "true",
                            "ssh_clone_url": "git@github.com:alphagov/ida-hub-acceptance-tests.git",
                            "svn_url": "https://github.com/alphagov/ida-hub-acceptance-tests",
                            "topics.#": "1",
                            "topics.2357015465": "verify"
                        },
                        "meta": {},
                        "tainted": false
                    },
                    "deposed": [],
                    "provider": "provider.github"
                },
                "github_team_repository.repo_team_push": {
                    "type": "github_team_repository",
                    "depends_on": [
                        "data.github_team.teams.*",
                        "github_repository.repo"
                    ],
                    "primary": {
                        "id": "2826122:ida-hub-acceptance-tests",
                        "attributes": {
                            "etag": "W/\"8ac9e2c4cfaefbd162e42c65b509687c\"",
                            "id": "2826122:ida-hub-acceptance-tests",
                            "permission": "push",
                            "repository": "ida-hub-acceptance-tests",
                            "team_id": "2826122"
                        },
                        "meta": {},
                        "tainted": false
                    },
                    "deposed": [],
                    "provider": "provider.github"
                }
            },
            "depends_on": []
        },
        {
            "path": [
                "root",
                "repo_ida_hub_support"
            ],
            "outputs": {},
            "resources": {
                "github_branch_protection.repo_protect_master": {
                    "type": "github_branch_protection",
                    "depends_on": [],
                    "primary": {
                        "id": "ida-hub-support:master",
                        "attributes": {
                            "branch": "master",
                            "enforce_admins": "false",
                            "etag": "W/\"d05caf9b5f3ec2b7b7cc0f4609395b29\"",
                            "id": "ida-hub-support:master",
                            "repository": "ida-hub-support",
                            "required_pull_request_reviews.#": "1",
                            "required_pull_request_reviews.0.dismiss_stale_reviews": "true",
                            "required_pull_request_reviews.0.dismissal_teams.#": "0",
                            "required_pull_request_reviews.0.dismissal_users.#": "0",
                            "required_pull_request_reviews.0.include_admins": "false",
                            "required_pull_request_reviews.0.require_code_owner_reviews": "false",
                            "required_pull_request_reviews.0.required_approving_review_count": "2",
                            "required_status_checks.#": "0",
                            "restrictions.#": "0"
                        },
                        "meta": {},
                        "tainted": false
                    },
                    "deposed": [],
                    "provider": "provider.github"
                },
                "github_repository.repo": {
                    "type": "github_repository",
                    "depends_on": [],
                    "primary": {
                        "id": "ida-hub-support",
                        "attributes": {
                            "allow_merge_commit": "true",
                            "allow_rebase_merge": "false",
                            "allow_squash_merge": "false",
                            "archived": "true",
                            "auto_init": "true",
                            "default_branch": "master",
                            "description": "Verify Hub Support services (temporary)",
                            "etag": "W/\"7ae4dcf0f33db706eb15978299cf2301\"",
                            "full_name": "alphagov/ida-hub-support",
                            "git_clone_url": "git://github.com/alphagov/ida-hub-support.git",
                            "has_downloads": "false",
                            "has_issues": "true",
                            "has_wiki": "true",
                            "homepage_url": "",
                            "html_url": "https://github.com/alphagov/ida-hub-support",
                            "http_clone_url": "https://github.com/alphagov/ida-hub-support.git",
                            "id": "ida-hub-support",
                            "name": "ida-hub-support",
                            "private": "true",
                            "ssh_clone_url": "git@github.com:alphagov/ida-hub-support.git",
                            "svn_url": "https://github.com/alphagov/ida-hub-support",
                            "topics.#": "1",
                            "topics.2357015465": "verify"
                        },
                        "meta": {},
                        "tainted": false
                    },
                    "deposed": [],
                    "provider": "provider.github"
                },
                "github_team_repository.repo_team_push": {
                    "type": "github_team_repository",
                    "depends_on": [
                        "data.github_team.teams.*",
                        "github_repository.repo"
                    ],
                    "primary": {
                        "id": "2826122:ida-hub-support",
                        "attributes": {
                            "etag": "W/\"5381697c8963f17676eab434ad00ecad\"",
                            "id": "2826122:ida-hub-support",
                            "permission": "pull",
                            "repository": "ida-hub-support",
                            "team_id": "2826122"
                        },
                        "meta": {},
                        "tainted": false
                    },
                    "deposed": [],
                    "provider": "provider.github"
                }
            },
            "depends_on": []
        },
        {
            "path": [
                "root",
                "repo_metadata_checker"
            ],
            "outputs": {},
            "resources": {
                "github_branch_protection.repo_protect_master": {
                    "type": "github_branch_protection",
                    "depends_on": [
                        "github_repository.repo"
                    ],
                    "primary": {
                        "id": "metadata-checker:master",
                        "attributes": {
                            "branch": "master",
                            "enforce_admins": "false",
                            "etag": "W/\"902f21ecbbaa9f2e44cfa5dd97e1cf4b\"",
                            "id": "metadata-checker:master",
                            "repository": "metadata-checker",
                            "required_pull_request_reviews.#": "1",
                            "required_pull_request_reviews.0.dismiss_stale_reviews": "true",
                            "required_pull_request_reviews.0.dismissal_teams.#": "0",
                            "required_pull_request_reviews.0.dismissal_users.#": "0",
                            "required_pull_request_reviews.0.include_admins": "false",
                            "required_pull_request_reviews.0.require_code_owner_reviews": "false",
                            "required_pull_request_reviews.0.required_approving_review_count": "2",
                            "required_status_checks.#": "0",
                            "restrictions.#": "0"
                        },
                        "meta": {},
                        "tainted": false
                    },
                    "deposed": [],
                    "provider": "provider.github"
                },
                "github_repository.repo": {
                    "type": "github_repository",
                    "depends_on": [],
                    "primary": {
                        "id": "metadata-checker",
                        "attributes": {
                            "allow_merge_commit": "true",
                            "allow_rebase_merge": "false",
                            "allow_squash_merge": "false",
                            "archived": "false",
                            "default_branch": "master",
                            "description": "Tools for parsing and monitoring SAML metadata",
                            "etag": "W/\"55172894f27e947cd5cfa020f673f8ad\"",
                            "full_name": "alphagov/metadata-checker",
                            "git_clone_url": "git://github.com/alphagov/metadata-checker.git",
                            "has_downloads": "false",
                            "has_issues": "true",
                            "has_wiki": "true",
                            "homepage_url": "",
                            "html_url": "https://github.com/alphagov/metadata-checker",
                            "http_clone_url": "https://github.com/alphagov/metadata-checker.git",
                            "id": "metadata-checker",
                            "name": "metadata-checker",
                            "private": "false",
                            "ssh_clone_url": "git@github.com:alphagov/metadata-checker.git",
                            "svn_url": "https://github.com/alphagov/metadata-checker",
                            "topics.#": "1",
                            "topics.2357015465": "verify"
                        },
                        "meta": {},
                        "tainted": false
                    },
                    "deposed": [],
                    "provider": "provider.github"
                },
                "github_team_repository.repo_team_push.0": {
                    "type": "github_team_repository",
                    "depends_on": [
                        "data.github_team.push_teams.*",
                        "github_repository.repo"
                    ],
                    "primary": {
                        "id": "2826122:metadata-checker",
                        "attributes": {
                            "etag": "W/\"18c7647e63918dced9d817e31f607e60\"",
                            "id": "2826122:metadata-checker",
                            "permission": "push",
                            "repository": "metadata-checker",
                            "team_id": "2826122"
                        },
                        "meta": {},
                        "tainted": false
                    },
                    "deposed": [],
                    "provider": "provider.github"
                },
                "github_team_repository.repo_team_push.1": {
                    "type": "github_team_repository",
                    "depends_on": [
                        "data.github_team.push_teams.*",
                        "github_repository.repo"
                    ],
                    "primary": {
                        "id": "2826127:metadata-checker",
                        "attributes": {
                            "etag": "W/\"18c7647e63918dced9d817e31f607e60\"",
                            "id": "2826127:metadata-checker",
                            "permission": "push",
                            "repository": "metadata-checker",
                            "team_id": "2826127"
                        },
                        "meta": {},
                        "tainted": false
                    },
                    "deposed": [],
                    "provider": "provider.github"
                }
            },
            "depends_on": []
        },
        {
            "path": [
                "root",
                "repo_passport_verify"
            ],
            "outputs": {},
            "resources": {
                "github_branch_protection.repo_protect_master": {
                    "type": "github_branch_protection",
                    "depends_on": [],
                    "primary": {
                        "id": "passport-verify:master",
                        "attributes": {
                            "branch": "master",
                            "enforce_admins": "false",
                            "etag": "W/\"3a4c743b43cc52ace7a6c998b5fa7fe0\"",
                            "id": "passport-verify:master",
                            "repository": "passport-verify",
                            "required_pull_request_reviews.#": "1",
                            "required_pull_request_reviews.0.dismiss_stale_reviews": "true",
                            "required_pull_request_reviews.0.dismissal_teams.#": "0",
                            "required_pull_request_reviews.0.dismissal_users.#": "0",
                            "required_pull_request_reviews.0.include_admins": "false",
                            "required_pull_request_reviews.0.require_code_owner_reviews": "false",
                            "required_pull_request_reviews.0.required_approving_review_count": "2",
                            "required_status_checks.#": "0",
                            "restrictions.#": "0"
                        },
                        "meta": {},
                        "tainted": false
                    },
                    "deposed": [],
                    "provider": "provider.github"
                },
                "github_repository.repo": {
                    "type": "github_repository",
                    "depends_on": [],
                    "primary": {
                        "id": "passport-verify",
                        "attributes": {
                            "allow_merge_commit": "true",
                            "allow_rebase_merge": "false",
                            "allow_squash_merge": "false",
                            "archived": "false",
                            "auto_init": "true",
                            "default_branch": "master",
                            "description": ":passport_control: :crown: :ballot_box_with_check: A passport.js strategy for GOV.UK Verify",
                            "etag": "W/\"d12172a45d41529f067fd6d3e44ed1ae\"",
                            "full_name": "alphagov/passport-verify",
                            "git_clone_url": "git://github.com/alphagov/passport-verify.git",
                            "has_downloads": "false",
                            "has_issues": "true",
                            "has_wiki": "true",
                            "homepage_url": "",
                            "html_url": "https://github.com/alphagov/passport-verify",
                            "http_clone_url": "https://github.com/alphagov/passport-verify.git",
                            "id": "passport-verify",
                            "name": "passport-verify",
                            "private": "false",
                            "ssh_clone_url": "git@github.com:alphagov/passport-verify.git",
                            "svn_url": "https://github.com/alphagov/passport-verify",
                            "topics.#": "1",
                            "topics.2357015465": "verify"
                        },
                        "meta": {},
                        "tainted": false
                    },
                    "deposed": [],
                    "provider": "provider.github"
                },
                "github_team_repository.repo_team_push": {
                    "type": "github_team_repository",
                    "depends_on": [
                        "data.github_team.push_teams.*",
                        "github_repository.repo"
                    ],
                    "primary": {
                        "id": "2826122:passport-verify",
                        "attributes": {
                            "etag": "W/\"ed433d90a70e870907a4250fc60bbbba\"",
                            "id": "2826122:passport-verify",
                            "permission": "push",
                            "repository": "passport-verify",
                            "team_id": "2826122"
                        },
                        "meta": {},
                        "tainted": false
                    },
                    "deposed": [],
                    "provider": "provider.github"
                }
            },
            "depends_on": []
        },
        {
            "path": [
                "root",
                "repo_passport_verify_stub_relying_party"
            ],
            "outputs": {},
            "resources": {
                "github_branch_protection.repo_protect_master": {
                    "type": "github_branch_protection",
                    "depends_on": [],
                    "primary": {
                        "id": "passport-verify-stub-relying-party:master",
                        "attributes": {
                            "branch": "master",
                            "enforce_admins": "false",
                            "etag": "W/\"8cad5c9a81284f9c8111fd59dfd78254\"",
                            "id": "passport-verify-stub-relying-party:master",
                            "repository": "passport-verify-stub-relying-party",
                            "required_pull_request_reviews.#": "1",
                            "required_pull_request_reviews.0.dismiss_stale_reviews": "true",
                            "required_pull_request_reviews.0.dismissal_teams.#": "0",
                            "required_pull_request_reviews.0.dismissal_users.#": "0",
                            "required_pull_request_reviews.0.include_admins": "false",
                            "required_pull_request_reviews.0.require_code_owner_reviews": "false",
                            "required_pull_request_reviews.0.required_approving_review_count": "2",
                            "required_status_checks.#": "0",
                            "restrictions.#": "0"
                        },
                        "meta": {},
                        "tainted": false
                    },
                    "deposed": [],
                    "provider": "provider.github"
                },
                "github_repository.repo": {
                    "type": "github_repository",
                    "depends_on": [],
                    "primary": {
                        "id": "passport-verify-stub-relying-party",
                        "attributes": {
                            "allow_merge_commit": "true",
                            "allow_rebase_merge": "false",
                            "allow_squash_merge": "false",
                            "archived": "false",
                            "auto_init": "true",
                            "default_branch": "master",
                            "description": "Stub Relying party that integrates with Verify using the passport-verify library",
                            "etag": "W/\"50c0e67cd030e3873285df65aca4d6f8\"",
                            "full_name": "alphagov/passport-verify-stub-relying-party",
                            "git_clone_url": "git://github.com/alphagov/passport-verify-stub-relying-party.git",
                            "has_downloads": "false",
                            "has_issues": "true",
                            "has_wiki": "true",
                            "homepage_url": "",
                            "html_url": "https://github.com/alphagov/passport-verify-stub-relying-party",
                            "http_clone_url": "https://github.com/alphagov/passport-verify-stub-relying-party.git",
                            "id": "passport-verify-stub-relying-party",
                            "name": "passport-verify-stub-relying-party",
                            "private": "false",
                            "ssh_clone_url": "git@github.com:alphagov/passport-verify-stub-relying-party.git",
                            "svn_url": "https://github.com/alphagov/passport-verify-stub-relying-party",
                            "topics.#": "1",
                            "topics.2357015465": "verify"
                        },
                        "meta": {},
                        "tainted": false
                    },
                    "deposed": [],
                    "provider": "provider.github"
                },
                "github_team_repository.repo_team_push": {
                    "type": "github_team_repository",
                    "depends_on": [
                        "data.github_team.push_teams.*",
                        "github_repository.repo"
                    ],
                    "primary": {
                        "id": "2826122:passport-verify-stub-relying-party",
                        "attributes": {
                            "etag": "W/\"c996fe3e5dc1a61ee7741091fa68f4ce\"",
                            "id": "2826122:passport-verify-stub-relying-party",
                            "permission": "push",
                            "repository": "passport-verify-stub-relying-party",
                            "team_id": "2826122"
                        },
                        "meta": {},
                        "tainted": false
                    },
                    "deposed": [],
                    "provider": "provider.github"
                }
            },
            "depends_on": []
        },
        {
            "path": [
                "root",
                "repo_splunk_library_javalogging"
            ],
            "outputs": {},
            "resources": {
                "github_branch_protection.repo_protect_master": {
                    "type": "github_branch_protection",
                    "depends_on": [
                        "github_repository.repo"
                    ],
                    "primary": {
                        "id": "splunk-library-javalogging:master",
                        "attributes": {
                            "branch": "master",
                            "enforce_admins": "false",
                            "etag": "W/\"6119f17beb3bb425753d45bf351bb30b\"",
                            "id": "splunk-library-javalogging:master",
                            "repository": "splunk-library-javalogging",
                            "required_pull_request_reviews.#": "1",
                            "required_pull_request_reviews.0.dismiss_stale_reviews": "true",
                            "required_pull_request_reviews.0.dismissal_teams.#": "0",
                            "required_pull_request_reviews.0.dismissal_users.#": "0",
                            "required_pull_request_reviews.0.include_admins": "false",
                            "required_pull_request_reviews.0.require_code_owner_reviews": "false",
                            "required_pull_request_reviews.0.required_approving_review_count": "2",
                            "required_status_checks.#": "0",
                            "restrictions.#": "0"
                        },
                        "meta": {},
                        "tainted": false
                    },
                    "deposed": [],
                    "provider": "provider.github"
                },
                "github_repository.repo": {
                    "type": "github_repository",
                    "depends_on": [],
                    "primary": {
                        "id": "splunk-library-javalogging",
                        "attributes": {
                            "allow_merge_commit": "true",
                            "allow_rebase_merge": "false",
                            "allow_squash_merge": "false",
                            "archived": "false",
                            "auto_init": "false",
                            "default_branch": "master",
                            "description": "",
                            "etag": "W/\"a0ae88e9e605c4918d28037edddee137\"",
                            "full_name": "alphagov/splunk-library-javalogging",
                            "git_clone_url": "git://github.com/alphagov/splunk-library-javalogging.git",
                            "has_downloads": "false",
                            "has_issues": "true",
                            "has_wiki": "true",
                            "homepage_url": "",
                            "html_url": "https://github.com/alphagov/splunk-library-javalogging",
                            "http_clone_url": "https://github.com/alphagov/splunk-library-javalogging.git",
                            "id": "splunk-library-javalogging",
                            "name": "splunk-library-javalogging",
                            "private": "false",
                            "ssh_clone_url": "git@github.com:alphagov/splunk-library-javalogging.git",
                            "svn_url": "https://github.com/alphagov/splunk-library-javalogging",
                            "topics.#": "0"
                        },
                        "meta": {},
                        "tainted": false
                    },
                    "deposed": [],
                    "provider": "provider.github"
                },
                "github_team_repository.repo_team_push": {
                    "type": "github_team_repository",
                    "depends_on": [
                        "github_repository.repo"
                    ],
                    "primary": {
                        "id": "2826122:splunk-library-javalogging",
                        "attributes": {
                            "etag": "W/\"3aea71ccdec29669de94dd25b3df0c94\"",
                            "id": "2826122:splunk-library-javalogging",
                            "permission": "push",
                            "repository": "splunk-library-javalogging",
                            "team_id": "2826122"
                        },
                        "meta": {},
                        "tainted": false
                    },
                    "deposed": [],
                    "provider": "provider.github"
                }
            },
            "depends_on": []
        },
        {
            "path": [
                "root",
                "repo_verify_acceptance_tests"
            ],
            "outputs": {},
            "resources": {
                "github_branch_protection.repo_protect_master": {
                    "type": "github_branch_protection",
                    "depends_on": [
                        "github_repository.repo"
                    ],
                    "primary": {
                        "id": "verify-acceptance-tests:master",
                        "attributes": {
                            "branch": "master",
                            "enforce_admins": "false",
                            "etag": "W/\"14c1c4f925ba0e286419e05c843e1c24\"",
                            "id": "verify-acceptance-tests:master",
                            "repository": "verify-acceptance-tests",
                            "required_pull_request_reviews.#": "1",
                            "required_pull_request_reviews.0.dismiss_stale_reviews": "true",
                            "required_pull_request_reviews.0.dismissal_teams.#": "0",
                            "required_pull_request_reviews.0.dismissal_users.#": "0",
                            "required_pull_request_reviews.0.include_admins": "false",
                            "required_pull_request_reviews.0.require_code_owner_reviews": "false",
                            "required_pull_request_reviews.0.required_approving_review_count": "2",
                            "required_status_checks.#": "0",
                            "restrictions.#": "0"
                        },
                        "meta": {},
                        "tainted": false
                    },
                    "deposed": [],
                    "provider": "provider.github"
                },
                "github_repository.repo": {
                    "type": "github_repository",
                    "depends_on": [],
                    "primary": {
                        "id": "verify-acceptance-tests",
                        "attributes": {
                            "allow_merge_commit": "true",
                            "allow_rebase_merge": "false",
                            "allow_squash_merge": "false",
                            "archived": "false",
                            "auto_init": "true",
                            "default_branch": "master",
                            "description": "End-to-end tests for the Verify Hub",
                            "etag": "W/\"959e725a0aa316c2b3156d4201dcc90f\"",
                            "full_name": "alphagov/verify-acceptance-tests",
                            "git_clone_url": "git://github.com/alphagov/verify-acceptance-tests.git",
                            "has_downloads": "false",
                            "has_issues": "true",
                            "has_wiki": "true",
                            "homepage_url": "",
                            "html_url": "https://github.com/alphagov/verify-acceptance-tests",
                            "http_clone_url": "https://github.com/alphagov/verify-acceptance-tests.git",
                            "id": "verify-acceptance-tests",
                            "name": "verify-acceptance-tests",
                            "private": "false",
                            "ssh_clone_url": "git@github.com:alphagov/verify-acceptance-tests.git",
                            "svn_url": "https://github.com/alphagov/verify-acceptance-tests",
                            "topics.#": "1",
                            "topics.2357015465": "verify"
                        },
                        "meta": {},
                        "tainted": false
                    },
                    "deposed": [],
                    "provider": "provider.github"
                },
                "github_team_repository.repo_team_push": {
                    "type": "github_team_repository",
                    "depends_on": [
                        "data.github_team.teams.*",
                        "github_repository.repo"
                    ],
                    "primary": {
                        "id": "2826122:verify-acceptance-tests",
                        "attributes": {
                            "etag": "W/\"fba7b866ca840408dd269f72c7476d85\"",
                            "id": "2826122:verify-acceptance-tests",
                            "permission": "push",
                            "repository": "verify-acceptance-tests",
                            "team_id": "2826122"
                        },
                        "meta": {},
                        "tainted": false
                    },
                    "deposed": [],
                    "provider": "provider.github"
                }
            },
            "depends_on": []
        },
        {
            "path": [
                "root",
                "repo_verify_ansible"
            ],
            "outputs": {},
            "resources": {
                "github_branch_protection.repo_protect_master": {
                    "type": "github_branch_protection",
                    "depends_on": [],
                    "primary": {
                        "id": "verify-ansible:master",
                        "attributes": {
                            "branch": "master",
                            "enforce_admins": "false",
                            "etag": "W/\"9cf9f8ed259d6548f423c1791bd30377\"",
                            "id": "verify-ansible:master",
                            "repository": "verify-ansible",
                            "required_pull_request_reviews.#": "1",
                            "required_pull_request_reviews.0.dismiss_stale_reviews": "true",
                            "required_pull_request_reviews.0.dismissal_teams.#": "0",
                            "required_pull_request_reviews.0.dismissal_users.#": "0",
                            "required_pull_request_reviews.0.include_admins": "false",
                            "required_pull_request_reviews.0.require_code_owner_reviews": "false",
                            "required_pull_request_reviews.0.required_approving_review_count": "2",
                            "required_status_checks.#": "0",
                            "restrictions.#": "0"
                        },
                        "meta": {},
                        "tainted": false
                    },
                    "deposed": [],
                    "provider": "provider.github"
                },
                "github_repository.repo": {
                    "type": "github_repository",
                    "depends_on": [],
                    "primary": {
                        "id": "verify-ansible",
                        "attributes": {
                            "allow_merge_commit": "true",
                            "allow_rebase_merge": "false",
                            "allow_squash_merge": "false",
                            "archived": "false",
                            "auto_init": "true",
                            "default_branch": "master",
                            "description": " Ansible for Verify ops ",
                            "etag": "W/\"ad925b654a333ad6d20df65d06e327ef\"",
                            "full_name": "alphagov/verify-ansible",
                            "git_clone_url": "git://github.com/alphagov/verify-ansible.git",
                            "has_downloads": "false",
                            "has_issues": "true",
                            "has_wiki": "true",
                            "homepage_url": "",
                            "html_url": "https://github.com/alphagov/verify-ansible",
                            "http_clone_url": "https://github.com/alphagov/verify-ansible.git",
                            "id": "verify-ansible",
                            "name": "verify-ansible",
                            "private": "true",
                            "ssh_clone_url": "git@github.com:alphagov/verify-ansible.git",
                            "svn_url": "https://github.com/alphagov/verify-ansible",
                            "topics.#": "1",
                            "topics.2357015465": "verify"
                        },
                        "meta": {},
                        "tainted": false
                    },
                    "deposed": [],
                    "provider": "provider.github"
                },
                "github_team_repository.repo_team_push.0": {
                    "type": "github_team_repository",
                    "depends_on": [
                        "data.github_team.push_teams.*",
                        "github_repository.repo"
                    ],
                    "primary": {
                        "id": "2826122:verify-ansible",
                        "attributes": {
                            "etag": "W/\"58e15cf1eb2d8a6749ef471b5de8714d\"",
                            "id": "2826122:verify-ansible",
                            "permission": "push",
                            "repository": "verify-ansible",
                            "team_id": "2826122"
                        },
                        "meta": {},
                        "tainted": false
                    },
                    "deposed": [],
                    "provider": "provider.github"
                },
                "github_team_repository.repo_team_push.1": {
                    "type": "github_team_repository",
                    "depends_on": [
                        "data.github_team.push_teams.*",
                        "github_repository.repo"
                    ],
                    "primary": {
                        "id": "2826127:verify-ansible",
                        "attributes": {
                            "etag": "W/\"58e15cf1eb2d8a6749ef471b5de8714d\"",
                            "id": "2826127:verify-ansible",
                            "permission": "push",
                            "repository": "verify-ansible",
                            "team_id": "2826127"
                        },
                        "meta": {},
                        "tainted": false
                    },
                    "deposed": [],
                    "provider": "provider.github"
                }
            },
            "depends_on": []
        },
        {
            "path": [
                "root",
                "repo_verify_architecture"
            ],
            "outputs": {},
            "resources": {
                "github_branch_protection.repo_protect_master": {
                    "type": "github_branch_protection",
                    "depends_on": [
                        "github_repository.repo"
                    ],
                    "primary": {
                        "id": "verify-architecture:master",
                        "attributes": {
                            "branch": "master",
                            "enforce_admins": "false",
                            "etag": "W/\"08de9cb2f0a932567106384e0cf53c85\"",
                            "id": "verify-architecture:master",
                            "repository": "verify-architecture",
                            "required_pull_request_reviews.#": "1",
                            "required_pull_request_reviews.0.dismiss_stale_reviews": "true",
                            "required_pull_request_reviews.0.dismissal_teams.#": "0",
                            "required_pull_request_reviews.0.dismissal_users.#": "0",
                            "required_pull_request_reviews.0.include_admins": "false",
                            "required_pull_request_reviews.0.require_code_owner_reviews": "false",
                            "required_pull_request_reviews.0.required_approving_review_count": "2",
                            "required_status_checks.#": "0",
                            "restrictions.#": "0"
                        },
                        "meta": {},
                        "tainted": false
                    },
                    "deposed": [],
                    "provider": "provider.github"
                },
                "github_repository.repo": {
                    "type": "github_repository",
                    "depends_on": [],
                    "primary": {
                        "id": "verify-architecture",
                        "attributes": {
                            "allow_merge_commit": "true",
                            "allow_rebase_merge": "false",
                            "allow_squash_merge": "false",
                            "archived": "false",
                            "auto_init": "true",
                            "default_branch": "master",
                            "description": "Contains architectural documentation",
                            "etag": "W/\"232b721cc8cac656436abf2d2f26c0e0\"",
                            "full_name": "alphagov/verify-architecture",
                            "git_clone_url": "git://github.com/alphagov/verify-architecture.git",
                            "has_downloads": "false",
                            "has_issues": "true",
                            "has_wiki": "true",
                            "homepage_url": "",
                            "html_url": "https://github.com/alphagov/verify-architecture",
                            "http_clone_url": "https://github.com/alphagov/verify-architecture.git",
                            "id": "verify-architecture",
                            "name": "verify-architecture",
                            "private": "true",
                            "ssh_clone_url": "git@github.com:alphagov/verify-architecture.git",
                            "svn_url": "https://github.com/alphagov/verify-architecture",
                            "topics.#": "1",
                            "topics.2357015465": "verify"
                        },
                        "meta": {},
                        "tainted": false
                    },
                    "deposed": [],
                    "provider": "provider.github"
                },
                "github_team_repository.repo_team_push": {
                    "type": "github_team_repository",
                    "depends_on": [
                        "data.github_team.push_teams.*",
                        "github_repository.repo"
                    ],
                    "primary": {
                        "id": "2826122:verify-architecture",
                        "attributes": {
                            "etag": "W/\"1fbebab65307922532b8067c0ec3c0bb\"",
                            "id": "2826122:verify-architecture",
                            "permission": "push",
                            "repository": "verify-architecture",
                            "team_id": "2826122"
                        },
                        "meta": {},
                        "tainted": false
                    },
                    "deposed": [],
                    "provider": "provider.github"
                }
            },
            "depends_on": []
        },
        {
            "path": [
                "root",
                "repo_verify_blackbox_passwords"
            ],
            "outputs": {},
            "resources": {
                "github_repository.repo": {
                    "type": "github_repository",
                    "depends_on": [],
                    "primary": {
                        "id": "verify-blackbox-passwords",
                        "attributes": {
                            "allow_merge_commit": "true",
                            "allow_rebase_merge": "false",
                            "allow_squash_merge": "false",
                            "archived": "false",
                            "default_branch": "master",
                            "description": "Securely stored credentials for Verify",
                            "etag": "W/\"7004f4ca85b7ed698f1c329a3a5f7463\"",
                            "full_name": "alphagov/verify-blackbox-passwords",
                            "git_clone_url": "git://github.com/alphagov/verify-blackbox-passwords.git",
                            "has_downloads": "false",
                            "has_issues": "true",
                            "has_wiki": "true",
                            "homepage_url": "",
                            "html_url": "https://github.com/alphagov/verify-blackbox-passwords",
                            "http_clone_url": "https://github.com/alphagov/verify-blackbox-passwords.git",
                            "id": "verify-blackbox-passwords",
                            "name": "verify-blackbox-passwords",
                            "private": "true",
                            "ssh_clone_url": "git@github.com:alphagov/verify-blackbox-passwords.git",
                            "svn_url": "https://github.com/alphagov/verify-blackbox-passwords",
                            "topics.#": "1",
                            "topics.2357015465": "verify"
                        },
                        "meta": {},
                        "tainted": false
                    },
                    "deposed": [],
                    "provider": "provider.github"
                },
                "github_team_repository.repo_team_push.0": {
                    "type": "github_team_repository",
                    "depends_on": [
                        "data.github_team.push_teams.*",
                        "github_repository.repo"
                    ],
                    "primary": {
                        "id": "2826122:verify-blackbox-passwords",
                        "attributes": {
                            "etag": "W/\"9f0914bdd898ea3fa30a8757ab9dc23f\"",
                            "id": "2826122:verify-blackbox-passwords",
                            "permission": "push",
                            "repository": "verify-blackbox-passwords",
                            "team_id": "2826122"
                        },
                        "meta": {},
                        "tainted": false
                    },
                    "deposed": [],
                    "provider": "provider.github"
                },
                "github_team_repository.repo_team_push.1": {
                    "type": "github_team_repository",
                    "depends_on": [
                        "data.github_team.push_teams.*",
                        "github_repository.repo"
                    ],
                    "primary": {
                        "id": "2826127:verify-blackbox-passwords",
                        "attributes": {
                            "etag": "W/\"9f0914bdd898ea3fa30a8757ab9dc23f\"",
                            "id": "2826127:verify-blackbox-passwords",
                            "permission": "push",
                            "repository": "verify-blackbox-passwords",
                            "team_id": "2826127"
                        },
                        "meta": {},
                        "tainted": false
                    },
                    "deposed": [],
                    "provider": "provider.github"
                }
            },
            "depends_on": []
        },
        {
            "path": [
                "root",
                "repo_verify_boxes"
            ],
            "outputs": {},
            "resources": {
                "github_branch_protection.repo_protect_master": {
                    "type": "github_branch_protection",
                    "depends_on": [],
                    "primary": {
                        "id": "verify-boxes:master",
                        "attributes": {
                            "branch": "master",
                            "enforce_admins": "false",
                            "etag": "W/\"3cb12db6e0f9037b8c81484aed6b1d9e\"",
                            "id": "verify-boxes:master",
                            "repository": "verify-boxes",
                            "required_pull_request_reviews.#": "1",
                            "required_pull_request_reviews.0.dismiss_stale_reviews": "true",
                            "required_pull_request_reviews.0.dismissal_teams.#": "0",
                            "required_pull_request_reviews.0.dismissal_users.#": "0",
                            "required_pull_request_reviews.0.include_admins": "false",
                            "required_pull_request_reviews.0.require_code_owner_reviews": "false",
                            "required_pull_request_reviews.0.required_approving_review_count": "2",
                            "required_status_checks.#": "0",
                            "restrictions.#": "0"
                        },
                        "meta": {},
                        "tainted": false
                    },
                    "deposed": [],
                    "provider": "provider.github"
                },
                "github_repository.repo": {
                    "type": "github_repository",
                    "depends_on": [],
                    "primary": {
                        "id": "verify-boxes",
                        "attributes": {
                            "allow_merge_commit": "true",
                            "allow_rebase_merge": "false",
                            "allow_squash_merge": "false",
                            "archived": "false",
                            "auto_init": "true",
                            "default_branch": "master",
                            "description": "Verify specific configuration for vcloud-launch ",
                            "etag": "W/\"42eecfbcced9b7fbbe93fd26e82b1cb5\"",
                            "full_name": "alphagov/verify-boxes",
                            "git_clone_url": "git://github.com/alphagov/verify-boxes.git",
                            "has_downloads": "false",
                            "has_issues": "true",
                            "has_wiki": "true",
                            "homepage_url": "",
                            "html_url": "https://github.com/alphagov/verify-boxes",
                            "http_clone_url": "https://github.com/alphagov/verify-boxes.git",
                            "id": "verify-boxes",
                            "name": "verify-boxes",
                            "private": "true",
                            "ssh_clone_url": "git@github.com:alphagov/verify-boxes.git",
                            "svn_url": "https://github.com/alphagov/verify-boxes",
                            "topics.#": "1",
                            "topics.2357015465": "verify"
                        },
                        "meta": {},
                        "tainted": false
                    },
                    "deposed": [],
                    "provider": "provider.github"
                },
                "github_team_repository.repo_team_push.0": {
                    "type": "github_team_repository",
                    "depends_on": [
                        "data.github_team.push_teams.*",
                        "github_repository.repo"
                    ],
                    "primary": {
                        "id": "2826122:verify-boxes",
                        "attributes": {
                            "etag": "W/\"cf1e9c5fd07e2a25559050fd10d5335e\"",
                            "id": "2826122:verify-boxes",
                            "permission": "push",
                            "repository": "verify-boxes",
                            "team_id": "2826122"
                        },
                        "meta": {},
                        "tainted": false
                    },
                    "deposed": [],
                    "provider": "provider.github"
                },
                "github_team_repository.repo_team_push.1": {
                    "type": "github_team_repository",
                    "depends_on": [
                        "data.github_team.push_teams.*",
                        "github_repository.repo"
                    ],
                    "primary": {
                        "id": "2826127:verify-boxes",
                        "attributes": {
                            "etag": "W/\"cf1e9c5fd07e2a25559050fd10d5335e\"",
                            "id": "2826127:verify-boxes",
                            "permission": "push",
                            "repository": "verify-boxes",
                            "team_id": "2826127"
                        },
                        "meta": {},
                        "tainted": false
                    },
                    "deposed": [],
                    "provider": "provider.github"
                }
            },
            "depends_on": []
        },
        {
            "path": [
                "root",
                "repo_verify_build_scripts"
            ],
            "outputs": {},
            "resources": {
                "github_branch_protection.repo_protect_master": {
                    "type": "github_branch_protection",
                    "depends_on": [
                        "github_repository.repo"
                    ],
                    "primary": {
                        "id": "verify-build-scripts:master",
                        "attributes": {
                            "branch": "master",
                            "enforce_admins": "false",
                            "etag": "W/\"2e2779d83c8f8ae3d733e069b40ba63f\"",
                            "id": "verify-build-scripts:master",
                            "repository": "verify-build-scripts",
                            "required_pull_request_reviews.#": "1",
                            "required_pull_request_reviews.0.dismiss_stale_reviews": "true",
                            "required_pull_request_reviews.0.dismissal_teams.#": "0",
                            "required_pull_request_reviews.0.dismissal_users.#": "0",
                            "required_pull_request_reviews.0.include_admins": "false",
                            "required_pull_request_reviews.0.require_code_owner_reviews": "false",
                            "required_pull_request_reviews.0.required_approving_review_count": "2",
                            "required_status_checks.#": "0",
                            "restrictions.#": "0"
                        },
                        "meta": {},
                        "tainted": false
                    },
                    "deposed": [],
                    "provider": "provider.github"
                },
                "github_repository.repo": {
                    "type": "github_repository",
                    "depends_on": [],
                    "primary": {
                        "id": "verify-build-scripts",
                        "attributes": {
                            "allow_merge_commit": "true",
                            "allow_rebase_merge": "false",
                            "allow_squash_merge": "false",
                            "archived": "false",
                            "auto_init": "true",
                            "default_branch": "master",
                            "description": "Useful scripts and tools for Verify tech",
                            "etag": "W/\"855746ca2a17f41a5f516f533553ebd7\"",
                            "full_name": "alphagov/verify-build-scripts",
                            "git_clone_url": "git://github.com/alphagov/verify-build-scripts.git",
                            "has_downloads": "false",
                            "has_issues": "true",
                            "has_wiki": "true",
                            "homepage_url": "",
                            "html_url": "https://github.com/alphagov/verify-build-scripts",
                            "http_clone_url": "https://github.com/alphagov/verify-build-scripts.git",
                            "id": "verify-build-scripts",
                            "name": "verify-build-scripts",
                            "private": "true",
                            "ssh_clone_url": "git@github.com:alphagov/verify-build-scripts.git",
                            "svn_url": "https://github.com/alphagov/verify-build-scripts",
                            "topics.#": "1",
                            "topics.2357015465": "verify"
                        },
                        "meta": {},
                        "tainted": false
                    },
                    "deposed": [],
                    "provider": "provider.github"
                },
                "github_team_repository.repo_team_push": {
                    "type": "github_team_repository",
                    "depends_on": [
                        "data.github_team.push_teams.*",
                        "github_repository.repo"
                    ],
                    "primary": {
                        "id": "2826122:verify-build-scripts",
                        "attributes": {
                            "etag": "W/\"278e8870fd8cc5a3acef5f1d38ab42ea\"",
                            "id": "2826122:verify-build-scripts",
                            "permission": "push",
                            "repository": "verify-build-scripts",
                            "team_id": "2826122"
                        },
                        "meta": {},
                        "tainted": false
                    },
                    "deposed": [],
                    "provider": "provider.github"
                }
            },
            "depends_on": []
        },
        {
            "path": [
                "root",
                "repo_verify_dashing"
            ],
            "outputs": {},
            "resources": {
                "github_repository.repo": {
                    "type": "github_repository",
                    "depends_on": [],
                    "primary": {
                        "id": "verify-dashing",
                        "attributes": {
                            "allow_merge_commit": "true",
                            "allow_rebase_merge": "false",
                            "allow_squash_merge": "false",
                            "archived": "false",
                            "default_branch": "master",
                            "description": "Used to run yak dashboard",
                            "etag": "W/\"1474f77a430b4318c5116c0f334f210c\"",
                            "full_name": "alphagov/verify-dashing",
                            "git_clone_url": "git://github.com/alphagov/verify-dashing.git",
                            "has_downloads": "false",
                            "has_issues": "true",
                            "has_wiki": "true",
                            "homepage_url": "",
                            "html_url": "https://github.com/alphagov/verify-dashing",
                            "http_clone_url": "https://github.com/alphagov/verify-dashing.git",
                            "id": "verify-dashing",
                            "name": "verify-dashing",
                            "private": "true",
                            "ssh_clone_url": "git@github.com:alphagov/verify-dashing.git",
                            "svn_url": "https://github.com/alphagov/verify-dashing",
                            "topics.#": "1",
                            "topics.2357015465": "verify"
                        },
                        "meta": {},
                        "tainted": false
                    },
                    "deposed": [],
                    "provider": "provider.github"
                },
                "github_team_repository.repo_team_push": {
                    "type": "github_team_repository",
                    "depends_on": [
                        "github_repository.repo"
                    ],
                    "primary": {
                        "id": "2826122:verify-dashing",
                        "attributes": {
                            "etag": "W/\"18ec230c26b94e8f7c5b7be84a39dd07\"",
                            "id": "2826122:verify-dashing",
                            "permission": "push",
                            "repository": "verify-dashing",
                            "team_id": "2826122"
                        },
                        "meta": {},
                        "tainted": false
                    },
                    "deposed": [],
                    "provider": "provider.github"
                }
            },
            "depends_on": []
        },
        {
            "path": [
                "root",
                "repo_verify_data_pipeline"
            ],
            "outputs": {},
            "resources": {
                "github_branch_protection.repo_protect_master": {
                    "type": "github_branch_protection",
                    "depends_on": [],
                    "primary": {
                        "id": "verify-data-pipeline:master",
                        "attributes": {
                            "branch": "master",
                            "enforce_admins": "false",
                            "etag": "W/\"f260526c5fbfdd9ed70a322797bdc1e0\"",
                            "id": "verify-data-pipeline:master",
                            "repository": "verify-data-pipeline",
                            "required_pull_request_reviews.#": "1",
                            "required_pull_request_reviews.0.dismiss_stale_reviews": "true",
                            "required_pull_request_reviews.0.dismissal_teams.#": "0",
                            "required_pull_request_reviews.0.dismissal_users.#": "0",
                            "required_pull_request_reviews.0.include_admins": "false",
                            "required_pull_request_reviews.0.require_code_owner_reviews": "false",
                            "required_pull_request_reviews.0.required_approving_review_count": "2",
                            "required_status_checks.#": "0",
                            "restrictions.#": "0"
                        },
                        "meta": {},
                        "tainted": false
                    },
                    "deposed": [],
                    "provider": "provider.github"
                },
                "github_repository.repo": {
                    "type": "github_repository",
                    "depends_on": [],
                    "primary": {
                        "id": "verify-data-pipeline",
                        "attributes": {
                            "allow_merge_commit": "true",
                            "allow_rebase_merge": "false",
                            "allow_squash_merge": "false",
                            "archived": "false",
                            "auto_init": "true",
                            "default_branch": "master",
                            "description": "Manages Analytics code that generates statistics that inform journey improvements",
                            "etag": "W/\"9caf38aff1c70ed79ae5256e45202d2d\"",
                            "full_name": "alphagov/verify-data-pipeline",
                            "git_clone_url": "git://github.com/alphagov/verify-data-pipeline.git",
                            "has_downloads": "false",
                            "has_issues": "true",
                            "has_wiki": "true",
                            "homepage_url": "",
                            "html_url": "https://github.com/alphagov/verify-data-pipeline",
                            "http_clone_url": "https://github.com/alphagov/verify-data-pipeline.git",
                            "id": "verify-data-pipeline",
                            "name": "verify-data-pipeline",
                            "private": "true",
                            "ssh_clone_url": "git@github.com:alphagov/verify-data-pipeline.git",
                            "svn_url": "https://github.com/alphagov/verify-data-pipeline",
                            "topics.#": "1",
                            "topics.2357015465": "verify"
                        },
                        "meta": {},
                        "tainted": false
                    },
                    "deposed": [],
                    "provider": "provider.github"
                },
                "github_team_repository.repo_team_push": {
                    "type": "github_team_repository",
                    "depends_on": [
                        "data.github_team.push_teams.*",
                        "github_repository.repo"
                    ],
                    "primary": {
                        "id": "2826122:verify-data-pipeline",
                        "attributes": {
                            "etag": "W/\"2ce2c300bf5ae42bf118334e26a07c10\"",
                            "id": "2826122:verify-data-pipeline",
                            "permission": "push",
                            "repository": "verify-data-pipeline",
                            "team_id": "2826122"
                        },
                        "meta": {},
                        "tainted": false
                    },
                    "deposed": [],
                    "provider": "provider.github"
                }
            },
            "depends_on": []
        },
        {
            "path": [
                "root",
                "repo_verify_data_pipeline_config"
            ],
            "outputs": {},
            "resources": {
                "github_branch_protection.repo_protect_master": {
                    "type": "github_branch_protection",
                    "depends_on": [],
                    "primary": {
                        "id": "verify-data-pipeline-config:master",
                        "attributes": {
                            "branch": "master",
                            "enforce_admins": "false",
                            "etag": "W/\"39a6060b0af1dfc390e329cefbdc254d\"",
                            "id": "verify-data-pipeline-config:master",
                            "repository": "verify-data-pipeline-config",
                            "required_pull_request_reviews.#": "1",
                            "required_pull_request_reviews.0.dismiss_stale_reviews": "true",
                            "required_pull_request_reviews.0.dismissal_teams.#": "0",
                            "required_pull_request_reviews.0.dismissal_users.#": "0",
                            "required_pull_request_reviews.0.include_admins": "false",
                            "required_pull_request_reviews.0.require_code_owner_reviews": "false",
                            "required_pull_request_reviews.0.required_approving_review_count": "2",
                            "required_status_checks.#": "0",
                            "restrictions.#": "0"
                        },
                        "meta": {},
                        "tainted": false
                    },
                    "deposed": [],
                    "provider": "provider.github"
                },
                "github_repository.repo": {
                    "type": "github_repository",
                    "depends_on": [],
                    "primary": {
                        "id": "verify-data-pipeline-config",
                        "attributes": {
                            "allow_merge_commit": "true",
                            "allow_rebase_merge": "false",
                            "allow_squash_merge": "false",
                            "archived": "false",
                            "auto_init": "true",
                            "default_branch": "master",
                            "description": "Holds configuration data to help verify data pipeline run in production",
                            "etag": "W/\"1f9b58e5c402313b0aab3ad809ddd7e3\"",
                            "full_name": "alphagov/verify-data-pipeline-config",
                            "git_clone_url": "git://github.com/alphagov/verify-data-pipeline-config.git",
                            "has_downloads": "false",
                            "has_issues": "true",
                            "has_wiki": "true",
                            "homepage_url": "",
                            "html_url": "https://github.com/alphagov/verify-data-pipeline-config",
                            "http_clone_url": "https://github.com/alphagov/verify-data-pipeline-config.git",
                            "id": "verify-data-pipeline-config",
                            "name": "verify-data-pipeline-config",
                            "private": "true",
                            "ssh_clone_url": "git@github.com:alphagov/verify-data-pipeline-config.git",
                            "svn_url": "https://github.com/alphagov/verify-data-pipeline-config",
                            "topics.#": "0"
                        },
                        "meta": {},
                        "tainted": false
                    },
                    "deposed": [],
                    "provider": "provider.github"
                },
                "github_team_repository.repo_team_push": {
                    "type": "github_team_repository",
                    "depends_on": [
                        "data.github_team.push_teams.*",
                        "github_repository.repo"
                    ],
                    "primary": {
                        "id": "2826122:verify-data-pipeline-config",
                        "attributes": {
                            "etag": "W/\"0cc06b1047a16bd5adf301ae87715424\"",
                            "id": "2826122:verify-data-pipeline-config",
                            "permission": "push",
                            "repository": "verify-data-pipeline-config",
                            "team_id": "2826122"
                        },
                        "meta": {},
                        "tainted": false
                    },
                    "deposed": [],
                    "provider": "provider.github"
                }
            },
            "depends_on": []
        },
        {
            "path": [
                "root",
                "repo_verify_data_schemas"
            ],
            "outputs": {},
            "resources": {
                "github_branch_protection.repo_protect_master": {
                    "type": "github_branch_protection",
                    "depends_on": [
                        "github_repository.repo"
                    ],
                    "primary": {
                        "id": "verify-data-schemas:master",
                        "attributes": {
                            "branch": "master",
                            "enforce_admins": "false",
                            "etag": "W/\"4d81504df18780f0c47d8fb943f36847\"",
                            "id": "verify-data-schemas:master",
                            "repository": "verify-data-schemas",
                            "required_pull_request_reviews.#": "1",
                            "required_pull_request_reviews.0.dismiss_stale_reviews": "true",
                            "required_pull_request_reviews.0.dismissal_teams.#": "0",
                            "required_pull_request_reviews.0.dismissal_users.#": "0",
                            "required_pull_request_reviews.0.include_admins": "false",
                            "required_pull_request_reviews.0.require_code_owner_reviews": "false",
                            "required_pull_request_reviews.0.required_approving_review_count": "2",
                            "required_status_checks.#": "0",
                            "restrictions.#": "0"
                        },
                        "meta": {},
                        "tainted": false
                    },
                    "deposed": [],
                    "provider": "provider.github"
                },
                "github_repository.repo": {
                    "type": "github_repository",
                    "depends_on": [],
                    "primary": {
                        "id": "verify-data-schemas",
                        "attributes": {
                            "allow_merge_commit": "true",
                            "allow_rebase_merge": "false",
                            "allow_squash_merge": "false",
                            "archived": "true",
                            "auto_init": "true",
                            "default_branch": "master",
                            "description": "YAML specifications for Verify data",
                            "etag": "W/\"e2ae04c2c3c7319235b15a29a60912e8\"",
                            "full_name": "alphagov/verify-data-schemas",
                            "git_clone_url": "git://github.com/alphagov/verify-data-schemas.git",
                            "has_downloads": "false",
                            "has_issues": "true",
                            "has_wiki": "true",
                            "homepage_url": "",
                            "html_url": "https://github.com/alphagov/verify-data-schemas",
                            "http_clone_url": "https://github.com/alphagov/verify-data-schemas.git",
                            "id": "verify-data-schemas",
                            "name": "verify-data-schemas",
                            "private": "false",
                            "ssh_clone_url": "git@github.com:alphagov/verify-data-schemas.git",
                            "svn_url": "https://github.com/alphagov/verify-data-schemas",
                            "topics.#": "1",
                            "topics.2357015465": "verify"
                        },
                        "meta": {},
                        "tainted": false
                    },
                    "deposed": [],
                    "provider": "provider.github"
                },
                "github_team_repository.repo_team_push": {
                    "type": "github_team_repository",
                    "depends_on": [
                        "data.github_team.push_teams.*",
                        "github_repository.repo"
                    ],
                    "primary": {
                        "id": "2826122:verify-data-schemas",
                        "attributes": {
                            "etag": "W/\"9fcab67538282730b83cf2a266776938\"",
                            "id": "2826122:verify-data-schemas",
                            "permission": "pull",
                            "repository": "verify-data-schemas",
                            "team_id": "2826122"
                        },
                        "meta": {},
                        "tainted": false
                    },
                    "deposed": [],
                    "provider": "provider.github"
                }
            },
            "depends_on": []
        },
        {
            "path": [
                "root",
                "repo_verify_datascience_sandbox"
            ],
            "outputs": {},
            "resources": {
                "github_branch_protection.repo_protect_master": {
                    "type": "github_branch_protection",
                    "depends_on": [
                        "github_repository.repo"
                    ],
                    "primary": {
                        "id": "verify-datascience-sandbox:master",
                        "attributes": {
                            "branch": "master",
                            "enforce_admins": "false",
                            "etag": "W/\"829ac5a3f495f7fcc9232a3473894838\"",
                            "id": "verify-datascience-sandbox:master",
                            "repository": "verify-datascience-sandbox",
                            "required_pull_request_reviews.#": "1",
                            "required_pull_request_reviews.0.dismiss_stale_reviews": "true",
                            "required_pull_request_reviews.0.dismissal_teams.#": "0",
                            "required_pull_request_reviews.0.dismissal_users.#": "0",
                            "required_pull_request_reviews.0.include_admins": "false",
                            "required_pull_request_reviews.0.require_code_owner_reviews": "false",
                            "required_pull_request_reviews.0.required_approving_review_count": "2",
                            "required_status_checks.#": "0",
                            "restrictions.#": "0"
                        },
                        "meta": {},
                        "tainted": false
                    },
                    "deposed": [],
                    "provider": "provider.github"
                },
                "github_repository.repo": {
                    "type": "github_repository",
                    "depends_on": [],
                    "primary": {
                        "id": "verify-datascience-sandbox",
                        "attributes": {
                            "allow_merge_commit": "true",
                            "allow_rebase_merge": "false",
                            "allow_squash_merge": "false",
                            "archived": "false",
                            "default_branch": "master",
                            "description": "A repository for analysis of GOV.UK Verify data.",
                            "etag": "W/\"c974c134ee5e572c814b39d4851adc11\"",
                            "full_name": "alphagov/verify-datascience-sandbox",
                            "git_clone_url": "git://github.com/alphagov/verify-datascience-sandbox.git",
                            "has_downloads": "false",
                            "has_issues": "true",
                            "has_wiki": "true",
                            "homepage_url": "",
                            "html_url": "https://github.com/alphagov/verify-datascience-sandbox",
                            "http_clone_url": "https://github.com/alphagov/verify-datascience-sandbox.git",
                            "id": "verify-datascience-sandbox",
                            "name": "verify-datascience-sandbox",
                            "private": "true",
                            "ssh_clone_url": "git@github.com:alphagov/verify-datascience-sandbox.git",
                            "svn_url": "https://github.com/alphagov/verify-datascience-sandbox",
                            "topics.#": "0"
                        },
                        "meta": {},
                        "tainted": false
                    },
                    "deposed": [],
                    "provider": "provider.github"
                },
                "github_team_repository.repo_team_push": {
                    "type": "github_team_repository",
                    "depends_on": [
                        "data.github_team.push_teams.*",
                        "github_repository.repo"
                    ],
                    "primary": {
                        "id": "2826122:verify-datascience-sandbox",
                        "attributes": {
                            "etag": "W/\"ec51dd56779093cd17a4548fd0b09de8\"",
                            "id": "2826122:verify-datascience-sandbox",
                            "permission": "push",
                            "repository": "verify-datascience-sandbox",
                            "team_id": "2826122"
                        },
                        "meta": {},
                        "tainted": false
                    },
                    "deposed": [],
                    "provider": "provider.github"
                }
            },
            "depends_on": []
        },
        {
            "path": [
                "root",
                "repo_verify_eidas_metadata_aggregator"
            ],
            "outputs": {},
            "resources": {
                "github_branch_protection.repo_protect_master": {
                    "type": "github_branch_protection",
                    "depends_on": [
                        "github_repository.repo"
                    ],
                    "primary": {
                        "id": "verify-eidas-metadata-aggregator:master",
                        "attributes": {
                            "branch": "master",
                            "enforce_admins": "false",
                            "etag": "W/\"409b5e2f28e0459792b0538fc51b7dd1\"",
                            "id": "verify-eidas-metadata-aggregator:master",
                            "repository": "verify-eidas-metadata-aggregator",
                            "required_pull_request_reviews.#": "1",
                            "required_pull_request_reviews.0.dismiss_stale_reviews": "true",
                            "required_pull_request_reviews.0.dismissal_teams.#": "0",
                            "required_pull_request_reviews.0.dismissal_users.#": "0",
                            "required_pull_request_reviews.0.include_admins": "false",
                            "required_pull_request_reviews.0.require_code_owner_reviews": "false",
                            "required_pull_request_reviews.0.required_approving_review_count": "2",
                            "required_status_checks.#": "0",
                            "restrictions.#": "0"
                        },
                        "meta": {},
                        "tainted": false
                    },
                    "deposed": [],
                    "provider": "provider.github"
                },
                "github_repository.repo": {
                    "type": "github_repository",
                    "depends_on": [],
                    "primary": {
                        "id": "verify-eidas-metadata-aggregator",
                        "attributes": {
                            "allow_merge_commit": "true",
                            "allow_rebase_merge": "false",
                            "allow_squash_merge": "false",
                            "archived": "false",
                            "auto_init": "true",
                            "default_branch": "master",
                            "description": "Script to aggregate SAML metadata from EU countries",
                            "etag": "W/\"85ca2a8d3343055cb463f2dec26f34a0\"",
                            "full_name": "alphagov/verify-eidas-metadata-aggregator",
                            "git_clone_url": "git://github.com/alphagov/verify-eidas-metadata-aggregator.git",
                            "has_downloads": "false",
                            "has_issues": "true",
                            "has_wiki": "true",
                            "homepage_url": "",
                            "html_url": "https://github.com/alphagov/verify-eidas-metadata-aggregator",
                            "http_clone_url": "https://github.com/alphagov/verify-eidas-metadata-aggregator.git",
                            "id": "verify-eidas-metadata-aggregator",
                            "name": "verify-eidas-metadata-aggregator",
                            "private": "false",
                            "ssh_clone_url": "git@github.com:alphagov/verify-eidas-metadata-aggregator.git",
                            "svn_url": "https://github.com/alphagov/verify-eidas-metadata-aggregator",
                            "topics.#": "1",
                            "topics.2357015465": "verify"
                        },
                        "meta": {},
                        "tainted": false
                    },
                    "deposed": [],
                    "provider": "provider.github"
                },
                "github_team_repository.repo_team_push": {
                    "type": "github_team_repository",
                    "depends_on": [
                        "data.github_team.push_teams.*",
                        "github_repository.repo"
                    ],
                    "primary": {
                        "id": "2826126:verify-eidas-metadata-aggregator",
                        "attributes": {
                            "etag": "W/\"5c94a70067756825ee79abf2ca32357d\"",
                            "id": "2826126:verify-eidas-metadata-aggregator",
                            "permission": "push",
                            "repository": "verify-eidas-metadata-aggregator",
                            "team_id": "2826126"
                        },
                        "meta": {},
                        "tainted": false
                    },
                    "deposed": [],
                    "provider": "provider.github"
                }
            },
            "depends_on": []
        },
        {
            "path": [
                "root",
                "repo_verify_eidas_mw_config_generator"
            ],
            "outputs": {},
            "resources": {
                "github_branch_protection.repo_protect_master": {
                    "type": "github_branch_protection",
                    "depends_on": [
                        "github_repository.repo"
                    ],
                    "primary": {
                        "id": "verify-eidas-mw-config-generator:master",
                        "attributes": {
                            "branch": "master",
                            "enforce_admins": "false",
                            "etag": "W/\"f2242c578bd1b1d2e7ca039750add57f\"",
                            "id": "verify-eidas-mw-config-generator:master",
                            "repository": "verify-eidas-mw-config-generator",
                            "required_pull_request_reviews.#": "1",
                            "required_pull_request_reviews.0.dismiss_stale_reviews": "true",
                            "required_pull_request_reviews.0.dismissal_teams.#": "0",
                            "required_pull_request_reviews.0.dismissal_users.#": "0",
                            "required_pull_request_reviews.0.include_admins": "false",
                            "required_pull_request_reviews.0.require_code_owner_reviews": "false",
                            "required_pull_request_reviews.0.required_approving_review_count": "2",
                            "required_status_checks.#": "0",
                            "restrictions.#": "0"
                        },
                        "meta": {},
                        "tainted": false
                    },
                    "deposed": [],
                    "provider": "provider.github"
                },
                "github_repository.repo": {
                    "type": "github_repository",
                    "depends_on": [],
                    "primary": {
                        "id": "verify-eidas-mw-config-generator",
                        "attributes": {
                            "allow_merge_commit": "true",
                            "allow_rebase_merge": "false",
                            "allow_squash_merge": "false",
                            "archived": "false",
                            "auto_init": "true",
                            "default_branch": "master",
                            "description": "eIDAS Middleware Configuration Generator",
                            "etag": "W/\"e0b2d3947ef340ee6f1af9d0db8bc4ec\"",
                            "full_name": "alphagov/verify-eidas-mw-config-generator",
                            "git_clone_url": "git://github.com/alphagov/verify-eidas-mw-config-generator.git",
                            "has_downloads": "false",
                            "has_issues": "true",
                            "has_wiki": "true",
                            "homepage_url": "",
                            "html_url": "https://github.com/alphagov/verify-eidas-mw-config-generator",
                            "http_clone_url": "https://github.com/alphagov/verify-eidas-mw-config-generator.git",
                            "id": "verify-eidas-mw-config-generator",
                            "name": "verify-eidas-mw-config-generator",
                            "private": "false",
                            "ssh_clone_url": "git@github.com:alphagov/verify-eidas-mw-config-generator.git",
                            "svn_url": "https://github.com/alphagov/verify-eidas-mw-config-generator",
                            "topics.#": "0"
                        },
                        "meta": {},
                        "tainted": false
                    },
                    "deposed": [],
                    "provider": "provider.github"
                },
                "github_team_repository.repo_team_push": {
                    "type": "github_team_repository",
                    "depends_on": [
                        "data.github_team.push_teams.*",
                        "github_repository.repo"
                    ],
                    "primary": {
                        "id": "2826126:verify-eidas-mw-config-generator",
                        "attributes": {
                            "etag": "W/\"a11c2d94ef68fdec36cd585d9e0b3f3d\"",
                            "id": "2826126:verify-eidas-mw-config-generator",
                            "permission": "push",
                            "repository": "verify-eidas-mw-config-generator",
                            "team_id": "2826126"
                        },
                        "meta": {},
                        "tainted": false
                    },
                    "deposed": [],
                    "provider": "provider.github"
                }
            },
            "depends_on": []
        },
        {
            "path": [
                "root",
                "repo_verify_eidas_mw_run"
            ],
            "outputs": {},
            "resources": {
                "github_branch_protection.repo_protect_master": {
                    "type": "github_branch_protection",
                    "depends_on": [
                        "github_repository.repo"
                    ],
                    "primary": {
                        "id": "verify-eidas-mw-run:master",
                        "attributes": {
                            "branch": "master",
                            "enforce_admins": "false",
                            "etag": "W/\"f2f3f5d189b6102fcc8bcf473b8f4084\"",
                            "id": "verify-eidas-mw-run:master",
                            "repository": "verify-eidas-mw-run",
                            "required_pull_request_reviews.#": "1",
                            "required_pull_request_reviews.0.dismiss_stale_reviews": "true",
                            "required_pull_request_reviews.0.dismissal_teams.#": "0",
                            "required_pull_request_reviews.0.dismissal_users.#": "0",
                            "required_pull_request_reviews.0.include_admins": "false",
                            "required_pull_request_reviews.0.require_code_owner_reviews": "false",
                            "required_pull_request_reviews.0.required_approving_review_count": "2",
                            "required_status_checks.#": "0",
                            "restrictions.#": "0"
                        },
                        "meta": {},
                        "tainted": false
                    },
                    "deposed": [],
                    "provider": "provider.github"
                },
                "github_repository.repo": {
                    "type": "github_repository",
                    "depends_on": [],
                    "primary": {
                        "id": "verify-eidas-mw-run",
                        "attributes": {
                            "allow_merge_commit": "true",
                            "allow_rebase_merge": "false",
                            "allow_squash_merge": "false",
                            "archived": "false",
                            "auto_init": "true",
                            "default_branch": "master",
                            "description": "German eIDAS middleware run container",
                            "etag": "W/\"c9497ac25a75c1ef649f3109b21639aa\"",
                            "full_name": "alphagov/verify-eidas-mw-run",
                            "git_clone_url": "git://github.com/alphagov/verify-eidas-mw-run.git",
                            "has_downloads": "false",
                            "has_issues": "true",
                            "has_wiki": "true",
                            "homepage_url": "",
                            "html_url": "https://github.com/alphagov/verify-eidas-mw-run",
                            "http_clone_url": "https://github.com/alphagov/verify-eidas-mw-run.git",
                            "id": "verify-eidas-mw-run",
                            "name": "verify-eidas-mw-run",
                            "private": "false",
                            "ssh_clone_url": "git@github.com:alphagov/verify-eidas-mw-run.git",
                            "svn_url": "https://github.com/alphagov/verify-eidas-mw-run",
                            "topics.#": "0"
                        },
                        "meta": {},
                        "tainted": false
                    },
                    "deposed": [],
                    "provider": "provider.github"
                },
                "github_team_repository.repo_team_push": {
                    "type": "github_team_repository",
                    "depends_on": [
                        "data.github_team.push_teams.*",
                        "github_repository.repo"
                    ],
                    "primary": {
                        "id": "2826126:verify-eidas-mw-run",
                        "attributes": {
                            "etag": "W/\"add1ba8798c8e560784e957618d520b3\"",
                            "id": "2826126:verify-eidas-mw-run",
                            "permission": "push",
                            "repository": "verify-eidas-mw-run",
                            "team_id": "2826126"
                        },
                        "meta": {},
                        "tainted": false
                    },
                    "deposed": [],
                    "provider": "provider.github"
                }
            },
            "depends_on": []
        },
        {
            "path": [
                "root",
                "repo_verify_eidas_trust_anchor"
            ],
            "outputs": {},
            "resources": {
                "github_branch_protection.repo_protect_master": {
                    "type": "github_branch_protection",
                    "depends_on": [],
                    "primary": {
                        "id": "verify-eidas-trust-anchor:master",
                        "attributes": {
                            "branch": "master",
                            "enforce_admins": "false",
                            "etag": "W/\"819d9a676833d285c0bc289e52702043\"",
                            "id": "verify-eidas-trust-anchor:master",
                            "repository": "verify-eidas-trust-anchor",
                            "required_pull_request_reviews.#": "1",
                            "required_pull_request_reviews.0.dismiss_stale_reviews": "true",
                            "required_pull_request_reviews.0.dismissal_teams.#": "0",
                            "required_pull_request_reviews.0.dismissal_users.#": "0",
                            "required_pull_request_reviews.0.include_admins": "false",
                            "required_pull_request_reviews.0.require_code_owner_reviews": "false",
                            "required_pull_request_reviews.0.required_approving_review_count": "2",
                            "required_status_checks.#": "0",
                            "restrictions.#": "0"
                        },
                        "meta": {},
                        "tainted": false
                    },
                    "deposed": [],
                    "provider": "provider.github"
                },
                "github_repository.repo": {
                    "type": "github_repository",
                    "depends_on": [],
                    "primary": {
                        "id": "verify-eidas-trust-anchor",
                        "attributes": {
                            "allow_merge_commit": "true",
                            "allow_rebase_merge": "false",
                            "allow_squash_merge": "false",
                            "archived": "false",
                            "auto_init": "true",
                            "default_branch": "master",
                            "description": "Generates trust anchors as JSON Web Keys that allow MSAs and Hubs to validate European metadata.",
                            "etag": "W/\"ceea54538822211ec97e6dbf321a823c\"",
                            "full_name": "alphagov/verify-eidas-trust-anchor",
                            "git_clone_url": "git://github.com/alphagov/verify-eidas-trust-anchor.git",
                            "has_downloads": "false",
                            "has_issues": "true",
                            "has_wiki": "true",
                            "homepage_url": "",
                            "html_url": "https://github.com/alphagov/verify-eidas-trust-anchor",
                            "http_clone_url": "https://github.com/alphagov/verify-eidas-trust-anchor.git",
                            "id": "verify-eidas-trust-anchor",
                            "name": "verify-eidas-trust-anchor",
                            "private": "false",
                            "ssh_clone_url": "git@github.com:alphagov/verify-eidas-trust-anchor.git",
                            "svn_url": "https://github.com/alphagov/verify-eidas-trust-anchor",
                            "topics.#": "1",
                            "topics.2357015465": "verify"
                        },
                        "meta": {},
                        "tainted": false
                    },
                    "deposed": [],
                    "provider": "provider.github"
                },
                "github_team_repository.repo_team_push": {
                    "type": "github_team_repository",
                    "depends_on": [
                        "data.github_team.push_teams.*",
                        "github_repository.repo"
                    ],
                    "primary": {
                        "id": "2826126:verify-eidas-trust-anchor",
                        "attributes": {
                            "etag": "W/\"3a45a518e3771710e3d7cb153c291e09\"",
                            "id": "2826126:verify-eidas-trust-anchor",
                            "permission": "push",
                            "repository": "verify-eidas-trust-anchor",
                            "team_id": "2826126"
                        },
                        "meta": {},
                        "tainted": false
                    },
                    "deposed": [],
                    "provider": "provider.github"
                }
            },
            "depends_on": []
        },
        {
            "path": [
                "root",
                "repo_verify_event_emitter"
            ],
            "outputs": {},
            "resources": {
                "github_branch_protection.repo_protect_master": {
                    "type": "github_branch_protection",
                    "depends_on": [
                        "github_repository.repo"
                    ],
                    "primary": {
                        "id": "verify-event-emitter:master",
                        "attributes": {
                            "branch": "master",
                            "enforce_admins": "false",
                            "etag": "W/\"f88fc04e2bdf7353a4d56fe879f085cb\"",
                            "id": "verify-event-emitter:master",
                            "repository": "verify-event-emitter",
                            "required_pull_request_reviews.#": "1",
                            "required_pull_request_reviews.0.dismiss_stale_reviews": "true",
                            "required_pull_request_reviews.0.dismissal_teams.#": "0",
                            "required_pull_request_reviews.0.dismissal_users.#": "0",
                            "required_pull_request_reviews.0.include_admins": "false",
                            "required_pull_request_reviews.0.require_code_owner_reviews": "false",
                            "required_pull_request_reviews.0.required_approving_review_count": "2",
                            "required_status_checks.#": "0",
                            "restrictions.#": "0"
                        },
                        "meta": {},
                        "tainted": false
                    },
                    "deposed": [],
                    "provider": "provider.github"
                },
                "github_repository.repo": {
                    "type": "github_repository",
                    "depends_on": [],
                    "primary": {
                        "id": "verify-event-emitter",
                        "attributes": {
                            "allow_merge_commit": "true",
                            "allow_rebase_merge": "false",
                            "allow_squash_merge": "false",
                            "archived": "false",
                            "auto_init": "true",
                            "default_branch": "master",
                            "description": "Send events",
                            "etag": "W/\"8bfb2adb087cbd778dca45e250abbbdb\"",
                            "full_name": "alphagov/verify-event-emitter",
                            "git_clone_url": "git://github.com/alphagov/verify-event-emitter.git",
                            "has_downloads": "false",
                            "has_issues": "true",
                            "has_wiki": "true",
                            "homepage_url": "",
                            "html_url": "https://github.com/alphagov/verify-event-emitter",
                            "http_clone_url": "https://github.com/alphagov/verify-event-emitter.git",
                            "id": "verify-event-emitter",
                            "name": "verify-event-emitter",
                            "private": "false",
                            "ssh_clone_url": "git@github.com:alphagov/verify-event-emitter.git",
                            "svn_url": "https://github.com/alphagov/verify-event-emitter",
                            "topics.#": "1",
                            "topics.2357015465": "verify"
                        },
                        "meta": {},
                        "tainted": false
                    },
                    "deposed": [],
                    "provider": "provider.github"
                },
                "github_team_repository.repo_team_push": {
                    "type": "github_team_repository",
                    "depends_on": [
                        "data.github_team.teams.*",
                        "github_repository.repo"
                    ],
                    "primary": {
                        "id": "2826122:verify-event-emitter",
                        "attributes": {
                            "etag": "W/\"89f0f7d7976d8e6976aec065812608a2\"",
                            "id": "2826122:verify-event-emitter",
                            "permission": "push",
                            "repository": "verify-event-emitter",
                            "team_id": "2826122"
                        },
                        "meta": {},
                        "tainted": false
                    },
                    "deposed": [],
                    "provider": "provider.github"
                }
            },
            "depends_on": []
        },
        {
            "path": [
                "root",
                "repo_verify_event_emitter_loader"
            ],
            "outputs": {},
            "resources": {
                "github_branch_protection.repo_protect_master": {
                    "type": "github_branch_protection",
                    "depends_on": [
                        "github_repository.repo"
                    ],
                    "primary": {
                        "id": "verify-event-emitter-loader:master",
                        "attributes": {
                            "branch": "master",
                            "enforce_admins": "false",
                            "etag": "W/\"d6259ff54a77f86d0d432250947f8eb6\"",
                            "id": "verify-event-emitter-loader:master",
                            "repository": "verify-event-emitter-loader",
                            "required_pull_request_reviews.#": "1",
                            "required_pull_request_reviews.0.dismiss_stale_reviews": "true",
                            "required_pull_request_reviews.0.dismissal_teams.#": "0",
                            "required_pull_request_reviews.0.dismissal_users.#": "0",
                            "required_pull_request_reviews.0.include_admins": "false",
                            "required_pull_request_reviews.0.require_code_owner_reviews": "false",
                            "required_pull_request_reviews.0.required_approving_review_count": "2",
                            "required_status_checks.#": "0",
                            "restrictions.#": "0"
                        },
                        "meta": {},
                        "tainted": false
                    },
                    "deposed": [],
                    "provider": "provider.github"
                },
                "github_repository.repo": {
                    "type": "github_repository",
                    "depends_on": [],
                    "primary": {
                        "id": "verify-event-emitter-loader",
                        "attributes": {
                            "allow_merge_commit": "true",
                            "allow_rebase_merge": "false",
                            "allow_squash_merge": "false",
                            "archived": "false",
                            "default_branch": "master",
                            "description": "Create encrypted events in a given queue",
                            "etag": "W/\"ead3e102f0094f04d4d10f93b05db179\"",
                            "full_name": "alphagov/verify-event-emitter-loader",
                            "git_clone_url": "git://github.com/alphagov/verify-event-emitter-loader.git",
                            "has_downloads": "false",
                            "has_issues": "true",
                            "has_wiki": "true",
                            "homepage_url": "",
                            "html_url": "https://github.com/alphagov/verify-event-emitter-loader",
                            "http_clone_url": "https://github.com/alphagov/verify-event-emitter-loader.git",
                            "id": "verify-event-emitter-loader",
                            "name": "verify-event-emitter-loader",
                            "private": "false",
                            "ssh_clone_url": "git@github.com:alphagov/verify-event-emitter-loader.git",
                            "svn_url": "https://github.com/alphagov/verify-event-emitter-loader",
                            "topics.#": "0"
                        },
                        "meta": {},
                        "tainted": false
                    },
                    "deposed": [],
                    "provider": "provider.github"
                },
                "github_team_repository.repo_team_push": {
                    "type": "github_team_repository",
                    "depends_on": [
                        "data.github_team.push_teams.*",
                        "github_repository.repo"
                    ],
                    "primary": {
                        "id": "2826122:verify-event-emitter-loader",
                        "attributes": {
                            "etag": "W/\"d6114efcf677ad91452fc0d30e73cd3e\"",
                            "id": "2826122:verify-event-emitter-loader",
                            "permission": "push",
                            "repository": "verify-event-emitter-loader",
                            "team_id": "2826122"
                        },
                        "meta": {},
                        "tainted": false
                    },
                    "deposed": [],
                    "provider": "provider.github"
                }
            },
            "depends_on": []
        },
        {
            "path": [
                "root",
                "repo_verify_event_infrastructure"
            ],
            "outputs": {},
            "resources": {
                "github_branch_protection.repo_protect_master": {
                    "type": "github_branch_protection",
                    "depends_on": [
                        "github_repository.repo"
                    ],
                    "primary": {
                        "id": "verify-event-infrastructure:master",
                        "attributes": {
                            "branch": "master",
                            "enforce_admins": "false",
                            "etag": "W/\"302bcb3d52f6a2219294264b84d5ead2\"",
                            "id": "verify-event-infrastructure:master",
                            "repository": "verify-event-infrastructure",
                            "required_pull_request_reviews.#": "1",
                            "required_pull_request_reviews.0.dismiss_stale_reviews": "true",
                            "required_pull_request_reviews.0.dismissal_teams.#": "0",
                            "required_pull_request_reviews.0.dismissal_users.#": "0",
                            "required_pull_request_reviews.0.include_admins": "false",
                            "required_pull_request_reviews.0.require_code_owner_reviews": "false",
                            "required_pull_request_reviews.0.required_approving_review_count": "2",
                            "required_status_checks.#": "0",
                            "restrictions.#": "0"
                        },
                        "meta": {},
                        "tainted": false
                    },
                    "deposed": [],
                    "provider": "provider.github"
                },
                "github_repository.repo": {
                    "type": "github_repository",
                    "depends_on": [],
                    "primary": {
                        "id": "verify-event-infrastructure",
                        "attributes": {
                            "allow_merge_commit": "true",
                            "allow_rebase_merge": "false",
                            "allow_squash_merge": "false",
                            "archived": "false",
                            "auto_init": "true",
                            "default_branch": "master",
                            "description": "Infrastructure used to process Audit \u0026 Billing events for Verify",
                            "etag": "W/\"78ff69a3d45b6a72cc9ca6b929815e66\"",
                            "full_name": "alphagov/verify-event-infrastructure",
                            "git_clone_url": "git://github.com/alphagov/verify-event-infrastructure.git",
                            "has_downloads": "false",
                            "has_issues": "true",
                            "has_wiki": "true",
                            "homepage_url": "",
                            "html_url": "https://github.com/alphagov/verify-event-infrastructure",
                            "http_clone_url": "https://github.com/alphagov/verify-event-infrastructure.git",
                            "id": "verify-event-infrastructure",
                            "name": "verify-event-infrastructure",
                            "private": "true",
                            "ssh_clone_url": "git@github.com:alphagov/verify-event-infrastructure.git",
                            "svn_url": "https://github.com/alphagov/verify-event-infrastructure",
                            "topics.#": "6",
                            "topics.1617721690": "lambda",
                            "topics.2357015465": "verify",
                            "topics.2480389212": "infrastructure",
                            "topics.3101954328": "sqs",
                            "topics.448075750": "rds",
                            "topics.535570215": "terraform"
                        },
                        "meta": {},
                        "tainted": false
                    },
                    "deposed": [],
                    "provider": "provider.github"
                },
                "github_team_repository.repo_team_push.0": {
                    "type": "github_team_repository",
                    "depends_on": [
                        "data.github_team.push_teams.*",
                        "github_repository.repo"
                    ],
                    "primary": {
                        "id": "2826122:verify-event-infrastructure",
                        "attributes": {
                            "etag": "W/\"732ef30e9d575f91c337cb9eede89f86\"",
                            "id": "2826122:verify-event-infrastructure",
                            "permission": "push",
                            "repository": "verify-event-infrastructure",
                            "team_id": "2826122"
                        },
                        "meta": {},
                        "tainted": false
                    },
                    "deposed": [],
                    "provider": "provider.github"
                },
                "github_team_repository.repo_team_push.1": {
                    "type": "github_team_repository",
                    "depends_on": [
                        "data.github_team.push_teams.*",
                        "github_repository.repo"
                    ],
                    "primary": {
                        "id": "2826127:verify-event-infrastructure",
                        "attributes": {
                            "etag": "W/\"732ef30e9d575f91c337cb9eede89f86\"",
                            "id": "2826127:verify-event-infrastructure",
                            "permission": "push",
                            "repository": "verify-event-infrastructure",
                            "team_id": "2826127"
                        },
                        "meta": {},
                        "tainted": false
                    },
                    "deposed": [],
                    "provider": "provider.github"
                }
            },
            "depends_on": []
        },
        {
            "path": [
                "root",
                "repo_verify_event_recorder_service"
            ],
            "outputs": {},
            "resources": {
                "github_branch_protection.repo_protect_master": {
                    "type": "github_branch_protection",
                    "depends_on": [
                        "github_repository.repo"
                    ],
                    "primary": {
                        "id": "verify-event-recorder-service:master",
                        "attributes": {
                            "branch": "master",
                            "enforce_admins": "false",
                            "etag": "W/\"5842969f7545257785f1c1006c6f24c8\"",
                            "id": "verify-event-recorder-service:master",
                            "repository": "verify-event-recorder-service",
                            "required_pull_request_reviews.#": "1",
                            "required_pull_request_reviews.0.dismiss_stale_reviews": "true",
                            "required_pull_request_reviews.0.dismissal_teams.#": "0",
                            "required_pull_request_reviews.0.dismissal_users.#": "0",
                            "required_pull_request_reviews.0.include_admins": "false",
                            "required_pull_request_reviews.0.require_code_owner_reviews": "false",
                            "required_pull_request_reviews.0.required_approving_review_count": "2",
                            "required_status_checks.#": "0",
                            "restrictions.#": "0"
                        },
                        "meta": {},
                        "tainted": false
                    },
                    "deposed": [],
                    "provider": "provider.github"
                },
                "github_repository.repo": {
                    "type": "github_repository",
                    "depends_on": [],
                    "primary": {
                        "id": "verify-event-recorder-service",
                        "attributes": {
                            "allow_merge_commit": "true",
                            "allow_rebase_merge": "false",
                            "allow_squash_merge": "false",
                            "archived": "false",
                            "auto_init": "true",
                            "default_branch": "master",
                            "description": "This service is part of Verify's event recording system; its purpose is to read events from a queue and write them to a permanent datastore.",
                            "etag": "W/\"f30e6dffea7be0e6a780c19886dcfd31\"",
                            "full_name": "alphagov/verify-event-recorder-service",
                            "git_clone_url": "git://github.com/alphagov/verify-event-recorder-service.git",
                            "has_downloads": "false",
                            "has_issues": "true",
                            "has_wiki": "true",
                            "homepage_url": "",
                            "html_url": "https://github.com/alphagov/verify-event-recorder-service",
                            "http_clone_url": "https://github.com/alphagov/verify-event-recorder-service.git",
                            "id": "verify-event-recorder-service",
                            "name": "verify-event-recorder-service",
                            "private": "false",
                            "ssh_clone_url": "git@github.com:alphagov/verify-event-recorder-service.git",
                            "svn_url": "https://github.com/alphagov/verify-event-recorder-service",
                            "topics.#": "1",
                            "topics.2357015465": "verify"
                        },
                        "meta": {},
                        "tainted": false
                    },
                    "deposed": [],
                    "provider": "provider.github"
                },
                "github_team_repository.repo_team_push": {
                    "type": "github_team_repository",
                    "depends_on": [
                        "data.github_team.teams.*",
                        "github_repository.repo"
                    ],
                    "primary": {
                        "id": "2826122:verify-event-recorder-service",
                        "attributes": {
                            "etag": "W/\"d396275f4dc5f409025b443c5060419b\"",
                            "id": "2826122:verify-event-recorder-service",
                            "permission": "push",
                            "repository": "verify-event-recorder-service",
                            "team_id": "2826122"
                        },
                        "meta": {},
                        "tainted": false
                    },
                    "deposed": [],
                    "provider": "provider.github"
                }
            },
            "depends_on": []
        },
        {
            "path": [
                "root",
                "repo_verify_event_system_database_scripts"
            ],
            "outputs": {},
            "resources": {
                "github_branch_protection.repo_protect_master": {
                    "type": "github_branch_protection",
                    "depends_on": [
                        "github_repository.repo"
                    ],
                    "primary": {
                        "id": "verify-event-system-database-scripts:master",
                        "attributes": {
                            "branch": "master",
                            "enforce_admins": "false",
                            "etag": "W/\"07cf625b560fdef8f5350a96803c3668\"",
                            "id": "verify-event-system-database-scripts:master",
                            "repository": "verify-event-system-database-scripts",
                            "required_pull_request_reviews.#": "1",
                            "required_pull_request_reviews.0.dismiss_stale_reviews": "true",
                            "required_pull_request_reviews.0.dismissal_teams.#": "0",
                            "required_pull_request_reviews.0.dismissal_users.#": "0",
                            "required_pull_request_reviews.0.include_admins": "false",
                            "required_pull_request_reviews.0.require_code_owner_reviews": "false",
                            "required_pull_request_reviews.0.required_approving_review_count": "2",
                            "required_status_checks.#": "0",
                            "restrictions.#": "0"
                        },
                        "meta": {},
                        "tainted": false
                    },
                    "deposed": [],
                    "provider": "provider.github"
                },
                "github_repository.repo": {
                    "type": "github_repository",
                    "depends_on": [],
                    "primary": {
                        "id": "verify-event-system-database-scripts",
                        "attributes": {
                            "allow_merge_commit": "true",
                            "allow_rebase_merge": "false",
                            "allow_squash_merge": "false",
                            "archived": "false",
                            "default_branch": "master",
                            "description": "SQL scripts and schemas for the Event System database",
                            "etag": "W/\"319867879fc89cbb0a8e86b80f296b84\"",
                            "full_name": "alphagov/verify-event-system-database-scripts",
                            "git_clone_url": "git://github.com/alphagov/verify-event-system-database-scripts.git",
                            "has_downloads": "false",
                            "has_issues": "true",
                            "has_wiki": "true",
                            "homepage_url": "",
                            "html_url": "https://github.com/alphagov/verify-event-system-database-scripts",
                            "http_clone_url": "https://github.com/alphagov/verify-event-system-database-scripts.git",
                            "id": "verify-event-system-database-scripts",
                            "name": "verify-event-system-database-scripts",
                            "private": "false",
                            "ssh_clone_url": "git@github.com:alphagov/verify-event-system-database-scripts.git",
                            "svn_url": "https://github.com/alphagov/verify-event-system-database-scripts",
                            "topics.#": "0"
                        },
                        "meta": {},
                        "tainted": false
                    },
                    "deposed": [],
                    "provider": "provider.github"
                },
                "github_team_repository.repo_team_push": {
                    "type": "github_team_repository",
                    "depends_on": [
                        "github_repository.repo"
                    ],
                    "primary": {
                        "id": "2826122:verify-event-system-database-scripts",
                        "attributes": {
                            "etag": "W/\"de097a1b4f29805673ca86202a87b841\"",
                            "id": "2826122:verify-event-system-database-scripts",
                            "permission": "push",
                            "repository": "verify-event-system-database-scripts",
                            "team_id": "2826122"
                        },
                        "meta": {},
                        "tainted": false
                    },
                    "deposed": [],
                    "provider": "provider.github"
                }
            },
            "depends_on": []
        },
        {
            "path": [
                "root",
                "repo_verify_fabric"
            ],
            "outputs": {},
            "resources": {
                "github_branch_protection.repo_protect_master": {
                    "type": "github_branch_protection",
                    "depends_on": [],
                    "primary": {
                        "id": "verify-fabric:master",
                        "attributes": {
                            "branch": "master",
                            "enforce_admins": "false",
                            "etag": "W/\"1b406420cfbbf316503a8864da764778\"",
                            "id": "verify-fabric:master",
                            "repository": "verify-fabric",
                            "required_pull_request_reviews.#": "1",
                            "required_pull_request_reviews.0.dismiss_stale_reviews": "true",
                            "required_pull_request_reviews.0.dismissal_teams.#": "0",
                            "required_pull_request_reviews.0.dismissal_users.#": "0",
                            "required_pull_request_reviews.0.include_admins": "false",
                            "required_pull_request_reviews.0.require_code_owner_reviews": "false",
                            "required_pull_request_reviews.0.required_approving_review_count": "2",
                            "required_status_checks.#": "0",
                            "restrictions.#": "0"
                        },
                        "meta": {},
                        "tainted": false
                    },
                    "deposed": [],
                    "provider": "provider.github"
                },
                "github_repository.repo": {
                    "type": "github_repository",
                    "depends_on": [],
                    "primary": {
                        "id": "verify-fabric",
                        "attributes": {
                            "allow_merge_commit": "true",
                            "allow_rebase_merge": "false",
                            "allow_squash_merge": "false",
                            "archived": "false",
                            "auto_init": "true",
                            "default_branch": "master",
                            "description": " Fabric for Verify ",
                            "etag": "W/\"166fff753eb388d6d93b7b478ab3609b\"",
                            "full_name": "alphagov/verify-fabric",
                            "git_clone_url": "git://github.com/alphagov/verify-fabric.git",
                            "has_downloads": "false",
                            "has_issues": "true",
                            "has_wiki": "true",
                            "homepage_url": "",
                            "html_url": "https://github.com/alphagov/verify-fabric",
                            "http_clone_url": "https://github.com/alphagov/verify-fabric.git",
                            "id": "verify-fabric",
                            "name": "verify-fabric",
                            "private": "true",
                            "ssh_clone_url": "git@github.com:alphagov/verify-fabric.git",
                            "svn_url": "https://github.com/alphagov/verify-fabric",
                            "topics.#": "1",
                            "topics.2357015465": "verify"
                        },
                        "meta": {},
                        "tainted": false
                    },
                    "deposed": [],
                    "provider": "provider.github"
                },
                "github_team_repository.repo_team_push.0": {
                    "type": "github_team_repository",
                    "depends_on": [
                        "data.github_team.push_teams.*",
                        "github_repository.repo"
                    ],
                    "primary": {
                        "id": "2826122:verify-fabric",
                        "attributes": {
                            "etag": "W/\"c38154b41ce5664e81bcce871f3f26de\"",
                            "id": "2826122:verify-fabric",
                            "permission": "push",
                            "repository": "verify-fabric",
                            "team_id": "2826122"
                        },
                        "meta": {},
                        "tainted": false
                    },
                    "deposed": [],
                    "provider": "provider.github"
                },
                "github_team_repository.repo_team_push.1": {
                    "type": "github_team_repository",
                    "depends_on": [
                        "data.github_team.push_teams.*",
                        "github_repository.repo"
                    ],
                    "primary": {
                        "id": "2826127:verify-fabric",
                        "attributes": {
                            "etag": "W/\"c38154b41ce5664e81bcce871f3f26de\"",
                            "id": "2826127:verify-fabric",
                            "permission": "push",
                            "repository": "verify-fabric",
                            "team_id": "2826127"
                        },
                        "meta": {},
                        "tainted": false
                    },
                    "deposed": [],
                    "provider": "provider.github"
                }
            },
            "depends_on": []
        },
        {
            "path": [
                "root",
                "repo_verify_frontend"
            ],
            "outputs": {},
            "resources": {
                "github_branch_protection.repo_protect_master": {
                    "type": "github_branch_protection",
                    "depends_on": [],
                    "primary": {
                        "id": "verify-frontend:master",
                        "attributes": {
                            "branch": "master",
                            "enforce_admins": "false",
                            "etag": "W/\"c1565922743a4d4e2f8f3e69b12ff364\"",
                            "id": "verify-frontend:master",
                            "repository": "verify-frontend",
                            "required_pull_request_reviews.#": "1",
                            "required_pull_request_reviews.0.dismiss_stale_reviews": "true",
                            "required_pull_request_reviews.0.dismissal_teams.#": "0",
                            "required_pull_request_reviews.0.dismissal_users.#": "0",
                            "required_pull_request_reviews.0.include_admins": "false",
                            "required_pull_request_reviews.0.require_code_owner_reviews": "false",
                            "required_pull_request_reviews.0.required_approving_review_count": "2",
                            "required_status_checks.#": "0",
                            "restrictions.#": "0"
                        },
                        "meta": {},
                        "tainted": false
                    },
                    "deposed": [],
                    "provider": "provider.github"
                },
                "github_repository.repo": {
                    "type": "github_repository",
                    "depends_on": [],
                    "primary": {
                        "id": "verify-frontend",
                        "attributes": {
                            "allow_merge_commit": "true",
                            "allow_rebase_merge": "false",
                            "allow_squash_merge": "false",
                            "archived": "false",
                            "auto_init": "true",
                            "default_branch": "master",
                            "description": "The frontend service for GOV.UK Verify",
                            "etag": "W/\"031da031fe2cf8fb259769f6d4f67a90\"",
                            "full_name": "alphagov/verify-frontend",
                            "git_clone_url": "git://github.com/alphagov/verify-frontend.git",
                            "has_downloads": "false",
                            "has_issues": "true",
                            "has_wiki": "true",
                            "homepage_url": "",
                            "html_url": "https://github.com/alphagov/verify-frontend",
                            "http_clone_url": "https://github.com/alphagov/verify-frontend.git",
                            "id": "verify-frontend",
                            "name": "verify-frontend",
                            "private": "false",
                            "ssh_clone_url": "git@github.com:alphagov/verify-frontend.git",
                            "svn_url": "https://github.com/alphagov/verify-frontend",
                            "topics.#": "2",
                            "topics.2357015465": "verify",
                            "topics.2591869144": "frontend"
                        },
                        "meta": {},
                        "tainted": false
                    },
                    "deposed": [],
                    "provider": "provider.github"
                },
                "github_team_repository.repo_team_push": {
                    "type": "github_team_repository",
                    "depends_on": [
                        "data.github_team.push_teams.*",
                        "github_repository.repo"
                    ],
                    "primary": {
                        "id": "2826122:verify-frontend",
                        "attributes": {
                            "etag": "W/\"1e800be4dd2962d3ce517a10a3e3ae78\"",
                            "id": "2826122:verify-frontend",
                            "permission": "push",
                            "repository": "verify-frontend",
                            "team_id": "2826122"
                        },
                        "meta": {},
                        "tainted": false
                    },
                    "deposed": [],
                    "provider": "provider.github"
                }
            },
            "depends_on": []
        },
        {
            "path": [
                "root",
                "repo_verify_frontend_federation_config"
            ],
            "outputs": {},
            "resources": {
                "github_branch_protection.repo_protect_master": {
                    "type": "github_branch_protection",
                    "depends_on": [],
                    "primary": {
                        "id": "verify-frontend-federation-config:master",
                        "attributes": {
                            "branch": "master",
                            "enforce_admins": "false",
                            "etag": "W/\"2280069cb51656e2b463d7330996079b\"",
                            "id": "verify-frontend-federation-config:master",
                            "repository": "verify-frontend-federation-config",
                            "required_pull_request_reviews.#": "1",
                            "required_pull_request_reviews.0.dismiss_stale_reviews": "true",
                            "required_pull_request_reviews.0.dismissal_teams.#": "0",
                            "required_pull_request_reviews.0.dismissal_users.#": "0",
                            "required_pull_request_reviews.0.include_admins": "false",
                            "required_pull_request_reviews.0.require_code_owner_reviews": "false",
                            "required_pull_request_reviews.0.required_approving_review_count": "2",
                            "required_status_checks.#": "0",
                            "restrictions.#": "0"
                        },
                        "meta": {},
                        "tainted": false
                    },
                    "deposed": [],
                    "provider": "provider.github"
                },
                "github_repository.repo": {
                    "type": "github_repository",
                    "depends_on": [],
                    "primary": {
                        "id": "verify-frontend-federation-config",
                        "attributes": {
                            "allow_merge_commit": "true",
                            "allow_rebase_merge": "false",
                            "allow_squash_merge": "false",
                            "archived": "false",
                            "auto_init": "true",
                            "default_branch": "master",
                            "description": "Federation configuration for the Verify frontend",
                            "etag": "W/\"34966d42567caa4c240e6dce50d3e755\"",
                            "full_name": "alphagov/verify-frontend-federation-config",
                            "git_clone_url": "git://github.com/alphagov/verify-frontend-federation-config.git",
                            "has_downloads": "false",
                            "has_issues": "true",
                            "has_wiki": "true",
                            "homepage_url": "",
                            "html_url": "https://github.com/alphagov/verify-frontend-federation-config",
                            "http_clone_url": "https://github.com/alphagov/verify-frontend-federation-config.git",
                            "id": "verify-frontend-federation-config",
                            "name": "verify-frontend-federation-config",
                            "private": "true",
                            "ssh_clone_url": "git@github.com:alphagov/verify-frontend-federation-config.git",
                            "svn_url": "https://github.com/alphagov/verify-frontend-federation-config",
                            "topics.#": "1",
                            "topics.2357015465": "verify"
                        },
                        "meta": {},
                        "tainted": false
                    },
                    "deposed": [],
                    "provider": "provider.github"
                },
                "github_team_repository.repo_team_push": {
                    "type": "github_team_repository",
                    "depends_on": [
                        "data.github_team.push_teams.*",
                        "github_repository.repo"
                    ],
                    "primary": {
                        "id": "2826122:verify-frontend-federation-config",
                        "attributes": {
                            "etag": "W/\"f40ec1c4366afdbe05178d55f689b6ce\"",
                            "id": "2826122:verify-frontend-federation-config",
                            "permission": "push",
                            "repository": "verify-frontend-federation-config",
                            "team_id": "2826122"
                        },
                        "meta": {},
                        "tainted": false
                    },
                    "deposed": [],
                    "provider": "provider.github"
                }
            },
            "depends_on": []
        },
        {
            "path": [
                "root",
                "repo_verify_german_eidas_middleware"
            ],
            "outputs": {},
            "resources": {
                "github_branch_protection.repo_protect_master": {
                    "type": "github_branch_protection",
                    "depends_on": [],
                    "primary": {
                        "id": "verify-german-eidas-middleware:master",
                        "attributes": {
                            "branch": "master",
                            "enforce_admins": "false",
                            "etag": "W/\"f96056d1173266db69b36c9383c5a0d8\"",
                            "id": "verify-german-eidas-middleware:master",
                            "repository": "verify-german-eidas-middleware",
                            "required_pull_request_reviews.#": "1",
                            "required_pull_request_reviews.0.dismiss_stale_reviews": "true",
                            "required_pull_request_reviews.0.dismissal_teams.#": "0",
                            "required_pull_request_reviews.0.dismissal_users.#": "0",
                            "required_pull_request_reviews.0.include_admins": "false",
                            "required_pull_request_reviews.0.require_code_owner_reviews": "false",
                            "required_pull_request_reviews.0.required_approving_review_count": "2",
                            "required_status_checks.#": "0",
                            "restrictions.#": "0"
                        },
                        "meta": {},
                        "tainted": false
                    },
                    "deposed": [],
                    "provider": "provider.github"
                },
                "github_repository.repo": {
                    "type": "github_repository",
                    "depends_on": [],
                    "primary": {
                        "id": "verify-german-eidas-middleware",
                        "attributes": {
                            "allow_merge_commit": "true",
                            "allow_rebase_merge": "false",
                            "allow_squash_merge": "false",
                            "archived": "false",
                            "auto_init": "true",
                            "default_branch": "master",
                            "description": "",
                            "etag": "W/\"d5f696bc91f4e9f0a660ad941bfbb7d0\"",
                            "full_name": "alphagov/verify-german-eidas-middleware",
                            "git_clone_url": "git://github.com/alphagov/verify-german-eidas-middleware.git",
                            "has_downloads": "false",
                            "has_issues": "true",
                            "has_wiki": "true",
                            "homepage_url": "",
                            "html_url": "https://github.com/alphagov/verify-german-eidas-middleware",
                            "http_clone_url": "https://github.com/alphagov/verify-german-eidas-middleware.git",
                            "id": "verify-german-eidas-middleware",
                            "name": "verify-german-eidas-middleware",
                            "private": "false",
                            "ssh_clone_url": "git@github.com:alphagov/verify-german-eidas-middleware.git",
                            "svn_url": "https://github.com/alphagov/verify-german-eidas-middleware",
                            "topics.#": "1",
                            "topics.2357015465": "verify"
                        },
                        "meta": {},
                        "tainted": false
                    },
                    "deposed": [],
                    "provider": "provider.github"
                },
                "github_team_repository.repo_team_push": {
                    "type": "github_team_repository",
                    "depends_on": [
                        "data.github_team.push_teams.*",
                        "github_repository.repo"
                    ],
                    "primary": {
                        "id": "2826126:verify-german-eidas-middleware",
                        "attributes": {
                            "etag": "W/\"62a7bf9aa0160ba8e22a14b5c6f46543\"",
                            "id": "2826126:verify-german-eidas-middleware",
                            "permission": "push",
                            "repository": "verify-german-eidas-middleware",
                            "team_id": "2826126"
                        },
                        "meta": {},
                        "tainted": false
                    },
                    "deposed": [],
                    "provider": "provider.github"
                }
            },
            "depends_on": []
        },
        {
            "path": [
                "root",
                "repo_verify_hub"
            ],
            "outputs": {},
            "resources": {
                "github_branch_protection.repo_protect_master": {
                    "type": "github_branch_protection",
                    "depends_on": [
                        "github_repository.repo"
                    ],
                    "primary": {
                        "id": "verify-hub:master",
                        "attributes": {
                            "branch": "master",
                            "enforce_admins": "false",
                            "etag": "W/\"fe103652f5daba8162542db82b3fa922\"",
                            "id": "verify-hub:master",
                            "repository": "verify-hub",
                            "required_pull_request_reviews.#": "1",
                            "required_pull_request_reviews.0.dismiss_stale_reviews": "true",
                            "required_pull_request_reviews.0.dismissal_teams.#": "0",
                            "required_pull_request_reviews.0.dismissal_users.#": "0",
                            "required_pull_request_reviews.0.include_admins": "false",
                            "required_pull_request_reviews.0.require_code_owner_reviews": "false",
                            "required_pull_request_reviews.0.required_approving_review_count": "2",
                            "required_status_checks.#": "0",
                            "restrictions.#": "0"
                        },
                        "meta": {},
                        "tainted": false
                    },
                    "deposed": [],
                    "provider": "provider.github"
                },
                "github_repository.repo": {
                    "type": "github_repository",
                    "depends_on": [],
                    "primary": {
                        "id": "verify-hub",
                        "attributes": {
                            "allow_merge_commit": "true",
                            "allow_rebase_merge": "false",
                            "allow_squash_merge": "false",
                            "archived": "false",
                            "auto_init": "true",
                            "default_branch": "master",
                            "description": "Verify Hub Microservices",
                            "etag": "W/\"5305d2c32cec00450aca6c95718773a5\"",
                            "full_name": "alphagov/verify-hub",
                            "git_clone_url": "git://github.com/alphagov/verify-hub.git",
                            "has_downloads": "false",
                            "has_issues": "true",
                            "has_wiki": "true",
                            "homepage_url": "",
                            "html_url": "https://github.com/alphagov/verify-hub",
                            "http_clone_url": "https://github.com/alphagov/verify-hub.git",
                            "id": "verify-hub",
                            "name": "verify-hub",
                            "private": "false",
                            "ssh_clone_url": "git@github.com:alphagov/verify-hub.git",
                            "svn_url": "https://github.com/alphagov/verify-hub",
                            "topics.#": "1",
                            "topics.2357015465": "verify"
                        },
                        "meta": {},
                        "tainted": false
                    },
                    "deposed": [],
                    "provider": "provider.github"
                },
                "github_team_repository.repo_team_push": {
                    "type": "github_team_repository",
                    "depends_on": [
                        "data.github_team.teams.*",
                        "github_repository.repo"
                    ],
                    "primary": {
                        "id": "2826122:verify-hub",
                        "attributes": {
                            "etag": "W/\"fd33f209ef9dec82d28805551ba53407\"",
                            "id": "2826122:verify-hub",
                            "permission": "push",
                            "repository": "verify-hub",
                            "team_id": "2826122"
                        },
                        "meta": {},
                        "tainted": false
                    },
                    "deposed": [],
                    "provider": "provider.github"
                }
            },
            "depends_on": []
        },
        {
            "path": [
                "root",
                "repo_verify_hub_federation_config"
            ],
            "outputs": {},
            "resources": {
                "github_branch_protection.repo_protect_master": {
                    "type": "github_branch_protection",
                    "depends_on": [],
                    "primary": {
                        "id": "verify-hub-federation-config:master",
                        "attributes": {
                            "branch": "master",
                            "enforce_admins": "false",
                            "etag": "W/\"7283fff48faa1f4356767cc173c0881f\"",
                            "id": "verify-hub-federation-config:master",
                            "repository": "verify-hub-federation-config",
                            "required_pull_request_reviews.#": "1",
                            "required_pull_request_reviews.0.dismiss_stale_reviews": "true",
                            "required_pull_request_reviews.0.dismissal_teams.#": "0",
                            "required_pull_request_reviews.0.dismissal_users.#": "0",
                            "required_pull_request_reviews.0.include_admins": "false",
                            "required_pull_request_reviews.0.require_code_owner_reviews": "false",
                            "required_pull_request_reviews.0.required_approving_review_count": "2",
                            "required_status_checks.#": "0",
                            "restrictions.#": "0"
                        },
                        "meta": {},
                        "tainted": false
                    },
                    "deposed": [],
                    "provider": "provider.github"
                },
                "github_repository.repo": {
                    "type": "github_repository",
                    "depends_on": [],
                    "primary": {
                        "id": "verify-hub-federation-config",
                        "attributes": {
                            "allow_merge_commit": "true",
                            "allow_rebase_merge": "false",
                            "allow_squash_merge": "false",
                            "archived": "false",
                            "auto_init": "true",
                            "default_branch": "master",
                            "description": "Verify Hub federation configuration",
                            "etag": "W/\"83fba0e9b74bbf7069127c6beadad93d\"",
                            "full_name": "alphagov/verify-hub-federation-config",
                            "git_clone_url": "git://github.com/alphagov/verify-hub-federation-config.git",
                            "has_downloads": "false",
                            "has_issues": "true",
                            "has_wiki": "true",
                            "homepage_url": "",
                            "html_url": "https://github.com/alphagov/verify-hub-federation-config",
                            "http_clone_url": "https://github.com/alphagov/verify-hub-federation-config.git",
                            "id": "verify-hub-federation-config",
                            "name": "verify-hub-federation-config",
                            "private": "true",
                            "ssh_clone_url": "git@github.com:alphagov/verify-hub-federation-config.git",
                            "svn_url": "https://github.com/alphagov/verify-hub-federation-config",
                            "topics.#": "1",
                            "topics.2357015465": "verify"
                        },
                        "meta": {},
                        "tainted": false
                    },
                    "deposed": [],
                    "provider": "provider.github"
                },
                "github_team_repository.repo_team_push": {
                    "type": "github_team_repository",
                    "depends_on": [
                        "data.github_team.teams.*",
                        "github_repository.repo"
                    ],
                    "primary": {
                        "id": "2826122:verify-hub-federation-config",
                        "attributes": {
                            "etag": "W/\"a55f67f339f77e75c9bc2af253c4f2de\"",
                            "id": "2826122:verify-hub-federation-config",
                            "permission": "push",
                            "repository": "verify-hub-federation-config",
                            "team_id": "2826122"
                        },
                        "meta": {},
                        "tainted": false
                    },
                    "deposed": [],
                    "provider": "provider.github"
                }
            },
            "depends_on": []
        },
        {
            "path": [
                "root",
                "repo_verify_idp_pid_hasherator"
            ],
            "outputs": {},
            "resources": {
                "github_branch_protection.repo_protect_master": {
                    "type": "github_branch_protection",
                    "depends_on": [
                        "github_repository.repo"
                    ],
                    "primary": {
                        "id": "verify-idp-pid-hasherator:master",
                        "attributes": {
                            "branch": "master",
                            "enforce_admins": "false",
                            "etag": "W/\"bb0494dd9b10c48e77827cb56e85fdff\"",
                            "id": "verify-idp-pid-hasherator:master",
                            "repository": "verify-idp-pid-hasherator",
                            "required_pull_request_reviews.#": "1",
                            "required_pull_request_reviews.0.dismiss_stale_reviews": "true",
                            "required_pull_request_reviews.0.dismissal_teams.#": "0",
                            "required_pull_request_reviews.0.dismissal_users.#": "0",
                            "required_pull_request_reviews.0.include_admins": "false",
                            "required_pull_request_reviews.0.require_code_owner_reviews": "false",
                            "required_pull_request_reviews.0.required_approving_review_count": "2",
                            "required_status_checks.#": "0",
                            "restrictions.#": "0"
                        },
                        "meta": {},
                        "tainted": false
                    },
                    "deposed": [],
                    "provider": "provider.github"
                },
                "github_repository.repo": {
                    "type": "github_repository",
                    "depends_on": [],
                    "primary": {
                        "id": "verify-idp-pid-hasherator",
                        "attributes": {
                            "allow_merge_commit": "true",
                            "allow_rebase_merge": "false",
                            "allow_squash_merge": "false",
                            "archived": "false",
                            "default_branch": "master",
                            "description": "Hash event PIDs from IDP reports for reconciliation",
                            "etag": "W/\"a760be0539cc7b161a7a2c22511a1bbb\"",
                            "full_name": "alphagov/verify-idp-pid-hasherator",
                            "git_clone_url": "git://github.com/alphagov/verify-idp-pid-hasherator.git",
                            "has_downloads": "false",
                            "has_issues": "true",
                            "has_wiki": "true",
                            "homepage_url": "",
                            "html_url": "https://github.com/alphagov/verify-idp-pid-hasherator",
                            "http_clone_url": "https://github.com/alphagov/verify-idp-pid-hasherator.git",
                            "id": "verify-idp-pid-hasherator",
                            "name": "verify-idp-pid-hasherator",
                            "private": "false",
                            "ssh_clone_url": "git@github.com:alphagov/verify-idp-pid-hasherator.git",
                            "svn_url": "https://github.com/alphagov/verify-idp-pid-hasherator",
                            "topics.#": "0"
                        },
                        "meta": {},
                        "tainted": false
                    },
                    "deposed": [],
                    "provider": "provider.github"
                },
                "github_team_repository.repo_team_push": {
                    "type": "github_team_repository",
                    "depends_on": [
                        "github_repository.repo"
                    ],
                    "primary": {
                        "id": "2826122:verify-idp-pid-hasherator",
                        "attributes": {
                            "etag": "W/\"ba15f4f0c7a2787471d089fd7ebca8e2\"",
                            "id": "2826122:verify-idp-pid-hasherator",
                            "permission": "push",
                            "repository": "verify-idp-pid-hasherator",
                            "team_id": "2826122"
                        },
                        "meta": {},
                        "tainted": false
                    },
                    "deposed": [],
                    "provider": "provider.github"
                }
            },
            "depends_on": []
        },
        {
            "path": [
                "root",
                "repo_verify_idp_predictor"
            ],
            "outputs": {},
            "resources": {
                "github_branch_protection.repo_protect_master": {
                    "type": "github_branch_protection",
                    "depends_on": [
                        "github_repository.repo"
                    ],
                    "primary": {
                        "id": "verify-idp-predictor:master",
                        "attributes": {
                            "branch": "master",
                            "enforce_admins": "false",
                            "etag": "W/\"2e969036bfb3e9134d0046ecb21f282a\"",
                            "id": "verify-idp-predictor:master",
                            "repository": "verify-idp-predictor",
                            "required_pull_request_reviews.#": "1",
                            "required_pull_request_reviews.0.dismiss_stale_reviews": "true",
                            "required_pull_request_reviews.0.dismissal_teams.#": "0",
                            "required_pull_request_reviews.0.dismissal_users.#": "0",
                            "required_pull_request_reviews.0.include_admins": "false",
                            "required_pull_request_reviews.0.require_code_owner_reviews": "false",
                            "required_pull_request_reviews.0.required_approving_review_count": "2",
                            "required_status_checks.#": "0",
                            "restrictions.#": "0"
                        },
                        "meta": {},
                        "tainted": false
                    },
                    "deposed": [],
                    "provider": "provider.github"
                },
                "github_repository.repo": {
                    "type": "github_repository",
                    "depends_on": [],
                    "primary": {
                        "id": "verify-idp-predictor",
                        "attributes": {
                            "allow_merge_commit": "true",
                            "allow_rebase_merge": "false",
                            "allow_squash_merge": "false",
                            "archived": "false",
                            "default_branch": "master",
                            "description": "The IDP Predictor for GOV.UK Verify.",
                            "etag": "W/\"1d61340ebad5fba09cd5819b32ca102a\"",
                            "full_name": "alphagov/verify-idp-predictor",
                            "git_clone_url": "git://github.com/alphagov/verify-idp-predictor.git",
                            "has_downloads": "false",
                            "has_issues": "true",
                            "has_wiki": "true",
                            "homepage_url": "",
                            "html_url": "https://github.com/alphagov/verify-idp-predictor",
                            "http_clone_url": "https://github.com/alphagov/verify-idp-predictor.git",
                            "id": "verify-idp-predictor",
                            "name": "verify-idp-predictor",
                            "private": "true",
                            "ssh_clone_url": "git@github.com:alphagov/verify-idp-predictor.git",
                            "svn_url": "https://github.com/alphagov/verify-idp-predictor",
                            "topics.#": "0"
                        },
                        "meta": {},
                        "tainted": false
                    },
                    "deposed": [],
                    "provider": "provider.github"
                },
                "github_team_repository.repo_team_push": {
                    "type": "github_team_repository",
                    "depends_on": [
                        "data.github_team.push_teams.*",
                        "github_repository.repo"
                    ],
                    "primary": {
                        "id": "2826122:verify-idp-predictor",
                        "attributes": {
                            "etag": "W/\"90bd9a88a9e8b5c8fd9765f1656832ba\"",
                            "id": "2826122:verify-idp-predictor",
                            "permission": "push",
                            "repository": "verify-idp-predictor",
                            "team_id": "2826122"
                        },
                        "meta": {},
                        "tainted": false
                    },
                    "deposed": [],
                    "provider": "provider.github"
                }
            },
            "depends_on": []
        },
        {
            "path": [
                "root",
                "repo_verify_il3_laptop_bootstrap"
            ],
            "outputs": {},
            "resources": {
                "github_branch_protection.repo_protect_master": {
                    "type": "github_branch_protection",
                    "depends_on": [
                        "github_repository.repo"
                    ],
                    "primary": {
                        "id": "verify-il3-laptop-bootstrap:master",
                        "attributes": {
                            "branch": "master",
                            "enforce_admins": "false",
                            "etag": "W/\"a84df24684cdf77e2eedf3ed16a90d33\"",
                            "id": "verify-il3-laptop-bootstrap:master",
                            "repository": "verify-il3-laptop-bootstrap",
                            "required_pull_request_reviews.#": "1",
                            "required_pull_request_reviews.0.dismiss_stale_reviews": "true",
                            "required_pull_request_reviews.0.dismissal_teams.#": "0",
                            "required_pull_request_reviews.0.dismissal_users.#": "0",
                            "required_pull_request_reviews.0.include_admins": "false",
                            "required_pull_request_reviews.0.require_code_owner_reviews": "false",
                            "required_pull_request_reviews.0.required_approving_review_count": "2",
                            "required_status_checks.#": "0",
                            "restrictions.#": "0"
                        },
                        "meta": {},
                        "tainted": false
                    },
                    "deposed": [],
                    "provider": "provider.github"
                },
                "github_repository.repo": {
                    "type": "github_repository",
                    "depends_on": [],
                    "primary": {
                        "id": "verify-il3-laptop-bootstrap",
                        "attributes": {
                            "allow_merge_commit": "true",
                            "allow_rebase_merge": "false",
                            "allow_squash_merge": "false",
                            "archived": "false",
                            "auto_init": "true",
                            "default_branch": "master",
                            "description": "A simple set of shell scripts to set up a secure build laptop for Verify",
                            "etag": "W/\"d034aa07baa9bc053935d41e7c614196\"",
                            "full_name": "alphagov/verify-il3-laptop-bootstrap",
                            "git_clone_url": "git://github.com/alphagov/verify-il3-laptop-bootstrap.git",
                            "has_downloads": "false",
                            "has_issues": "true",
                            "has_wiki": "true",
                            "homepage_url": "",
                            "html_url": "https://github.com/alphagov/verify-il3-laptop-bootstrap",
                            "http_clone_url": "https://github.com/alphagov/verify-il3-laptop-bootstrap.git",
                            "id": "verify-il3-laptop-bootstrap",
                            "name": "verify-il3-laptop-bootstrap",
                            "private": "true",
                            "ssh_clone_url": "git@github.com:alphagov/verify-il3-laptop-bootstrap.git",
                            "svn_url": "https://github.com/alphagov/verify-il3-laptop-bootstrap",
                            "topics.#": "1",
                            "topics.2357015465": "verify"
                        },
                        "meta": {},
                        "tainted": false
                    },
                    "deposed": [],
                    "provider": "provider.github"
                },
                "github_team_repository.repo_team_push.0": {
                    "type": "github_team_repository",
                    "depends_on": [
                        "data.github_team.push_teams.*",
                        "github_repository.repo"
                    ],
                    "primary": {
                        "id": "2826122:verify-il3-laptop-bootstrap",
                        "attributes": {
                            "etag": "W/\"ab0e5ad4592ede780393a0b9c353a60d\"",
                            "id": "2826122:verify-il3-laptop-bootstrap",
                            "permission": "push",
                            "repository": "verify-il3-laptop-bootstrap",
                            "team_id": "2826122"
                        },
                        "meta": {},
                        "tainted": false
                    },
                    "deposed": [],
                    "provider": "provider.github"
                },
                "github_team_repository.repo_team_push.1": {
                    "type": "github_team_repository",
                    "depends_on": [
                        "data.github_team.push_teams.*",
                        "github_repository.repo"
                    ],
                    "primary": {
                        "id": "2826127:verify-il3-laptop-bootstrap",
                        "attributes": {
                            "etag": "W/\"ab0e5ad4592ede780393a0b9c353a60d\"",
                            "id": "2826127:verify-il3-laptop-bootstrap",
                            "permission": "push",
                            "repository": "verify-il3-laptop-bootstrap",
                            "team_id": "2826127"
                        },
                        "meta": {},
                        "tainted": false
                    },
                    "deposed": [],
                    "provider": "provider.github"
                }
            },
            "depends_on": []
        },
        {
            "path": [
                "root",
                "repo_verify_infrastructure"
            ],
            "outputs": {},
            "resources": {
                "github_branch_protection.repo_protect_master": {
                    "type": "github_branch_protection",
                    "depends_on": [
                        "github_repository.repo"
                    ],
                    "primary": {
                        "id": "verify-infrastructure:master",
                        "attributes": {
                            "branch": "master",
                            "enforce_admins": "false",
                            "etag": "W/\"89fd3e683f7fb3181a21b9079e9c5496\"",
                            "id": "verify-infrastructure:master",
                            "repository": "verify-infrastructure",
                            "required_pull_request_reviews.#": "1",
                            "required_pull_request_reviews.0.dismiss_stale_reviews": "true",
                            "required_pull_request_reviews.0.dismissal_teams.#": "0",
                            "required_pull_request_reviews.0.dismissal_users.#": "0",
                            "required_pull_request_reviews.0.include_admins": "false",
                            "required_pull_request_reviews.0.require_code_owner_reviews": "false",
                            "required_pull_request_reviews.0.required_approving_review_count": "2",
                            "required_status_checks.#": "0",
                            "restrictions.#": "0"
                        },
                        "meta": {},
                        "tainted": false
                    },
                    "deposed": [],
                    "provider": "provider.github"
                },
                "github_repository.repo": {
                    "type": "github_repository",
                    "depends_on": [],
                    "primary": {
                        "id": "verify-infrastructure",
                        "attributes": {
                            "allow_merge_commit": "true",
                            "allow_rebase_merge": "false",
                            "allow_squash_merge": "false",
                            "archived": "false",
                            "default_branch": "master",
                            "description": "Infrastructure code for Verify Hub ECS",
                            "etag": "W/\"222762bdf92bceed9d4da16f230c7266\"",
                            "full_name": "alphagov/verify-infrastructure",
                            "git_clone_url": "git://github.com/alphagov/verify-infrastructure.git",
                            "has_downloads": "false",
                            "has_issues": "true",
                            "has_wiki": "true",
                            "homepage_url": "",
                            "html_url": "https://github.com/alphagov/verify-infrastructure",
                            "http_clone_url": "https://github.com/alphagov/verify-infrastructure.git",
                            "id": "verify-infrastructure",
                            "name": "verify-infrastructure",
                            "private": "false",
                            "ssh_clone_url": "git@github.com:alphagov/verify-infrastructure.git",
                            "svn_url": "https://github.com/alphagov/verify-infrastructure",
                            "topics.#": "0"
                        },
                        "meta": {},
                        "tainted": false
                    },
                    "deposed": [],
                    "provider": "provider.github"
                },
                "github_team_repository.repo_team_push.0": {
                    "type": "github_team_repository",
                    "depends_on": [
                        "data.github_team.push_teams.*",
                        "github_repository.repo"
                    ],
                    "primary": {
                        "id": "2826122:verify-infrastructure",
                        "attributes": {
                            "etag": "W/\"c0684b29935bf50252efe50842282619\"",
                            "id": "2826122:verify-infrastructure",
                            "permission": "push",
                            "repository": "verify-infrastructure",
                            "team_id": "2826122"
                        },
                        "meta": {},
                        "tainted": false
                    },
                    "deposed": [],
                    "provider": "provider.github"
                },
                "github_team_repository.repo_team_push.1": {
                    "type": "github_team_repository",
                    "depends_on": [
                        "data.github_team.push_teams.*",
                        "github_repository.repo"
                    ],
                    "primary": {
                        "id": "2826127:verify-infrastructure",
                        "attributes": {
                            "etag": "W/\"c0684b29935bf50252efe50842282619\"",
                            "id": "2826127:verify-infrastructure",
                            "permission": "push",
                            "repository": "verify-infrastructure",
                            "team_id": "2826127"
                        },
                        "meta": {},
                        "tainted": false
                    },
                    "deposed": [],
                    "provider": "provider.github"
                }
            },
            "depends_on": []
        },
        {
            "path": [
                "root",
                "repo_verify_infrastructure_config"
            ],
            "outputs": {},
            "resources": {
                "github_branch_protection.repo_protect_master": {
                    "type": "github_branch_protection",
                    "depends_on": [
                        "github_repository.repo"
                    ],
                    "primary": {
                        "id": "verify-infrastructure-config:master",
                        "attributes": {
                            "branch": "master",
                            "enforce_admins": "false",
                            "etag": "W/\"9b8abde22fab929de8b5e5aa8aa5c573\"",
                            "id": "verify-infrastructure-config:master",
                            "repository": "verify-infrastructure-config",
                            "required_pull_request_reviews.#": "1",
                            "required_pull_request_reviews.0.dismiss_stale_reviews": "true",
                            "required_pull_request_reviews.0.dismissal_teams.#": "0",
                            "required_pull_request_reviews.0.dismissal_users.#": "0",
                            "required_pull_request_reviews.0.include_admins": "false",
                            "required_pull_request_reviews.0.require_code_owner_reviews": "false",
                            "required_pull_request_reviews.0.required_approving_review_count": "2",
                            "required_status_checks.#": "0",
                            "restrictions.#": "0"
                        },
                        "meta": {},
                        "tainted": false
                    },
                    "deposed": [],
                    "provider": "provider.github"
                },
                "github_repository.repo": {
                    "type": "github_repository",
                    "depends_on": [],
                    "primary": {
                        "id": "verify-infrastructure-config",
                        "attributes": {
                            "allow_merge_commit": "true",
                            "allow_rebase_merge": "false",
                            "allow_squash_merge": "false",
                            "archived": "false",
                            "default_branch": "master",
                            "description": "ECS Hub Config (including the CI/CD pipeline)",
                            "etag": "W/\"8cff9041c1a9ba2f39b0d36fcd8d354e\"",
                            "full_name": "alphagov/verify-infrastructure-config",
                            "git_clone_url": "git://github.com/alphagov/verify-infrastructure-config.git",
                            "has_downloads": "false",
                            "has_issues": "true",
                            "has_wiki": "true",
                            "homepage_url": "",
                            "html_url": "https://github.com/alphagov/verify-infrastructure-config",
                            "http_clone_url": "https://github.com/alphagov/verify-infrastructure-config.git",
                            "id": "verify-infrastructure-config",
                            "name": "verify-infrastructure-config",
                            "private": "true",
                            "ssh_clone_url": "git@github.com:alphagov/verify-infrastructure-config.git",
                            "svn_url": "https://github.com/alphagov/verify-infrastructure-config",
                            "topics.#": "0"
                        },
                        "meta": {},
                        "tainted": false
                    },
                    "deposed": [],
                    "provider": "provider.github"
                },
                "github_team_repository.repo_team_push.0": {
                    "type": "github_team_repository",
                    "depends_on": [
                        "data.github_team.push_teams.*",
                        "github_repository.repo"
                    ],
                    "primary": {
                        "id": "2826122:verify-infrastructure-config",
                        "attributes": {
                            "etag": "W/\"be0b1b86356617a7553ba3bc6cdfb762\"",
                            "id": "2826122:verify-infrastructure-config",
                            "permission": "push",
                            "repository": "verify-infrastructure-config",
                            "team_id": "2826122"
                        },
                        "meta": {},
                        "tainted": false
                    },
                    "deposed": [],
                    "provider": "provider.github"
                },
                "github_team_repository.repo_team_push.1": {
                    "type": "github_team_repository",
                    "depends_on": [
                        "data.github_team.push_teams.*",
                        "github_repository.repo"
                    ],
                    "primary": {
                        "id": "2826127:verify-infrastructure-config",
                        "attributes": {
                            "etag": "W/\"be0b1b86356617a7553ba3bc6cdfb762\"",
                            "id": "2826127:verify-infrastructure-config",
                            "permission": "push",
                            "repository": "verify-infrastructure-config",
                            "team_id": "2826127"
                        },
                        "meta": {},
                        "tainted": false
                    },
                    "deposed": [],
                    "provider": "provider.github"
                }
            },
            "depends_on": []
        },
        {
            "path": [
                "root",
                "repo_verify_jenkins_job_builder"
            ],
            "outputs": {},
            "resources": {
                "github_branch_protection.repo_protect_master": {
                    "type": "github_branch_protection",
                    "depends_on": [],
                    "primary": {
                        "id": "verify-jenkins-job-builder:master",
                        "attributes": {
                            "branch": "master",
                            "enforce_admins": "false",
                            "etag": "W/\"0519060b1fb48e3a387bdf7155c935eb\"",
                            "id": "verify-jenkins-job-builder:master",
                            "repository": "verify-jenkins-job-builder",
                            "required_pull_request_reviews.#": "1",
                            "required_pull_request_reviews.0.dismiss_stale_reviews": "true",
                            "required_pull_request_reviews.0.dismissal_teams.#": "0",
                            "required_pull_request_reviews.0.dismissal_users.#": "0",
                            "required_pull_request_reviews.0.include_admins": "false",
                            "required_pull_request_reviews.0.require_code_owner_reviews": "false",
                            "required_pull_request_reviews.0.required_approving_review_count": "2",
                            "required_status_checks.#": "0",
                            "restrictions.#": "0"
                        },
                        "meta": {},
                        "tainted": false
                    },
                    "deposed": [],
                    "provider": "provider.github"
                },
                "github_repository.repo": {
                    "type": "github_repository",
                    "depends_on": [],
                    "primary": {
                        "id": "verify-jenkins-job-builder",
                        "attributes": {
                            "allow_merge_commit": "true",
                            "allow_rebase_merge": "false",
                            "allow_squash_merge": "false",
                            "archived": "false",
                            "auto_init": "true",
                            "default_branch": "master",
                            "description": "Verify Jenkins Job Builder configuration",
                            "etag": "W/\"f87d76ccf91598353577887c0686d8b1\"",
                            "full_name": "alphagov/verify-jenkins-job-builder",
                            "git_clone_url": "git://github.com/alphagov/verify-jenkins-job-builder.git",
                            "has_downloads": "false",
                            "has_issues": "true",
                            "has_wiki": "true",
                            "homepage_url": "",
                            "html_url": "https://github.com/alphagov/verify-jenkins-job-builder",
                            "http_clone_url": "https://github.com/alphagov/verify-jenkins-job-builder.git",
                            "id": "verify-jenkins-job-builder",
                            "name": "verify-jenkins-job-builder",
                            "private": "true",
                            "ssh_clone_url": "git@github.com:alphagov/verify-jenkins-job-builder.git",
                            "svn_url": "https://github.com/alphagov/verify-jenkins-job-builder",
                            "topics.#": "1",
                            "topics.2357015465": "verify"
                        },
                        "meta": {},
                        "tainted": false
                    },
                    "deposed": [],
                    "provider": "provider.github"
                },
                "github_team_repository.repo_team_push.0": {
                    "type": "github_team_repository",
                    "depends_on": [
                        "data.github_team.push_teams.*",
                        "github_repository.repo"
                    ],
                    "primary": {
                        "id": "2826122:verify-jenkins-job-builder",
                        "attributes": {
                            "etag": "W/\"7907ab6b973fd57326d007af8eb11e68\"",
                            "id": "2826122:verify-jenkins-job-builder",
                            "permission": "push",
                            "repository": "verify-jenkins-job-builder",
                            "team_id": "2826122"
                        },
                        "meta": {},
                        "tainted": false
                    },
                    "deposed": [],
                    "provider": "provider.github"
                },
                "github_team_repository.repo_team_push.1": {
                    "type": "github_team_repository",
                    "depends_on": [
                        "data.github_team.push_teams.*",
                        "github_repository.repo"
                    ],
                    "primary": {
                        "id": "2826127:verify-jenkins-job-builder",
                        "attributes": {
                            "etag": "W/\"7907ab6b973fd57326d007af8eb11e68\"",
                            "id": "2826127:verify-jenkins-job-builder",
                            "permission": "push",
                            "repository": "verify-jenkins-job-builder",
                            "team_id": "2826127"
                        },
                        "meta": {},
                        "tainted": false
                    },
                    "deposed": [],
                    "provider": "provider.github"
                }
            },
            "depends_on": []
        },
        {
            "path": [
                "root",
                "repo_verify_local_matching_service_example"
            ],
            "outputs": {},
            "resources": {
                "github_branch_protection.repo_protect_master": {
                    "type": "github_branch_protection",
                    "depends_on": [],
                    "primary": {
                        "id": "verify-local-matching-service-example:master",
                        "attributes": {
                            "branch": "master",
                            "enforce_admins": "false",
                            "etag": "W/\"c2c0278816010a78070a257a018de225\"",
                            "id": "verify-local-matching-service-example:master",
                            "repository": "verify-local-matching-service-example",
                            "required_pull_request_reviews.#": "1",
                            "required_pull_request_reviews.0.dismiss_stale_reviews": "true",
                            "required_pull_request_reviews.0.dismissal_teams.#": "0",
                            "required_pull_request_reviews.0.dismissal_users.#": "0",
                            "required_pull_request_reviews.0.include_admins": "false",
                            "required_pull_request_reviews.0.require_code_owner_reviews": "false",
                            "required_pull_request_reviews.0.required_approving_review_count": "2",
                            "required_status_checks.#": "0",
                            "restrictions.#": "0"
                        },
                        "meta": {},
                        "tainted": false
                    },
                    "deposed": [],
                    "provider": "provider.github"
                },
                "github_repository.repo": {
                    "type": "github_repository",
                    "depends_on": [],
                    "primary": {
                        "id": "verify-local-matching-service-example",
                        "attributes": {
                            "allow_merge_commit": "true",
                            "allow_rebase_merge": "false",
                            "allow_squash_merge": "false",
                            "archived": "false",
                            "auto_init": "true",
                            "default_branch": "master",
                            "description": "",
                            "etag": "W/\"78d6107679084b106da856e837f748fa\"",
                            "full_name": "alphagov/verify-local-matching-service-example",
                            "git_clone_url": "git://github.com/alphagov/verify-local-matching-service-example.git",
                            "has_downloads": "false",
                            "has_issues": "true",
                            "has_wiki": "true",
                            "homepage_url": "",
                            "html_url": "https://github.com/alphagov/verify-local-matching-service-example",
                            "http_clone_url": "https://github.com/alphagov/verify-local-matching-service-example.git",
                            "id": "verify-local-matching-service-example",
                            "name": "verify-local-matching-service-example",
                            "private": "false",
                            "ssh_clone_url": "git@github.com:alphagov/verify-local-matching-service-example.git",
                            "svn_url": "https://github.com/alphagov/verify-local-matching-service-example",
                            "topics.#": "1",
                            "topics.2357015465": "verify"
                        },
                        "meta": {},
                        "tainted": false
                    },
                    "deposed": [],
                    "provider": "provider.github"
                },
                "github_team_repository.repo_team_push": {
                    "type": "github_team_repository",
                    "depends_on": [
                        "data.github_team.push_teams.*",
                        "github_repository.repo"
                    ],
                    "primary": {
                        "id": "2826122:verify-local-matching-service-example",
                        "attributes": {
                            "etag": "W/\"00ab0c0c2da0f4f0086ee73db08bf721\"",
                            "id": "2826122:verify-local-matching-service-example",
                            "permission": "push",
                            "repository": "verify-local-matching-service-example",
                            "team_id": "2826122"
                        },
                        "meta": {},
                        "tainted": false
                    },
                    "deposed": [],
                    "provider": "provider.github"
                }
            },
            "depends_on": []
        },
        {
            "path": [
                "root",
                "repo_verify_local_startup"
            ],
            "outputs": {},
            "resources": {
                "github_branch_protection.repo_protect_master": {
                    "type": "github_branch_protection",
                    "depends_on": [
                        "github_repository.repo"
                    ],
                    "primary": {
                        "id": "verify-local-startup:master",
                        "attributes": {
                            "branch": "master",
                            "enforce_admins": "false",
                            "etag": "W/\"f6394f35ca8c496569ee0f0fa7cd806d\"",
                            "id": "verify-local-startup:master",
                            "repository": "verify-local-startup",
                            "required_pull_request_reviews.#": "1",
                            "required_pull_request_reviews.0.dismiss_stale_reviews": "true",
                            "required_pull_request_reviews.0.dismissal_teams.#": "0",
                            "required_pull_request_reviews.0.dismissal_users.#": "0",
                            "required_pull_request_reviews.0.include_admins": "false",
                            "required_pull_request_reviews.0.require_code_owner_reviews": "false",
                            "required_pull_request_reviews.0.required_approving_review_count": "2",
                            "required_status_checks.#": "0",
                            "restrictions.#": "0"
                        },
                        "meta": {},
                        "tainted": false
                    },
                    "deposed": [],
                    "provider": "provider.github"
                },
                "github_repository.repo": {
                    "type": "github_repository",
                    "depends_on": [],
                    "primary": {
                        "id": "verify-local-startup",
                        "attributes": {
                            "allow_merge_commit": "true",
                            "allow_rebase_merge": "false",
                            "allow_squash_merge": "false",
                            "archived": "false",
                            "default_branch": "master",
                            "description": "Utilities to run the Verify Hub and stubs locally",
                            "etag": "W/\"b7c05234db1e08fb6f1743510cbfdda9\"",
                            "full_name": "alphagov/verify-local-startup",
                            "git_clone_url": "git://github.com/alphagov/verify-local-startup.git",
                            "has_downloads": "false",
                            "has_issues": "true",
                            "has_wiki": "true",
                            "homepage_url": "",
                            "html_url": "https://github.com/alphagov/verify-local-startup",
                            "http_clone_url": "https://github.com/alphagov/verify-local-startup.git",
                            "id": "verify-local-startup",
                            "name": "verify-local-startup",
                            "private": "false",
                            "ssh_clone_url": "git@github.com:alphagov/verify-local-startup.git",
                            "svn_url": "https://github.com/alphagov/verify-local-startup",
                            "topics.#": "1",
                            "topics.2357015465": "verify"
                        },
                        "meta": {},
                        "tainted": false
                    },
                    "deposed": [],
                    "provider": "provider.github"
                },
                "github_team_repository.repo_team_push": {
                    "type": "github_team_repository",
                    "depends_on": [
                        "github_repository.repo"
                    ],
                    "primary": {
                        "id": "2826122:verify-local-startup",
                        "attributes": {
                            "etag": "W/\"0de2e74f9074f8168d9dd2dbc414c105\"",
                            "id": "2826122:verify-local-startup",
                            "permission": "push",
                            "repository": "verify-local-startup",
                            "team_id": "2826122"
                        },
                        "meta": {},
                        "tainted": false
                    },
                    "deposed": [],
                    "provider": "provider.github"
                }
            },
            "depends_on": []
        },
        {
            "path": [
                "root",
                "repo_verify_matching_service_adapter"
            ],
            "outputs": {},
            "resources": {
                "github_branch_protection.repo_protect_master": {
                    "type": "github_branch_protection",
                    "depends_on": [],
                    "primary": {
                        "id": "verify-matching-service-adapter:master",
                        "attributes": {
                            "branch": "master",
                            "enforce_admins": "false",
                            "etag": "W/\"c81a8d530545abc2a90744bffc4165e1\"",
                            "id": "verify-matching-service-adapter:master",
                            "repository": "verify-matching-service-adapter",
                            "required_pull_request_reviews.#": "1",
                            "required_pull_request_reviews.0.dismiss_stale_reviews": "true",
                            "required_pull_request_reviews.0.dismissal_teams.#": "0",
                            "required_pull_request_reviews.0.dismissal_users.#": "0",
                            "required_pull_request_reviews.0.include_admins": "false",
                            "required_pull_request_reviews.0.require_code_owner_reviews": "false",
                            "required_pull_request_reviews.0.required_approving_review_count": "2",
                            "required_status_checks.#": "0",
                            "restrictions.#": "0"
                        },
                        "meta": {},
                        "tainted": false
                    },
                    "deposed": [],
                    "provider": "provider.github"
                },
                "github_repository.repo": {
                    "type": "github_repository",
                    "depends_on": [],
                    "primary": {
                        "id": "verify-matching-service-adapter",
                        "attributes": {
                            "allow_merge_commit": "true",
                            "allow_rebase_merge": "false",
                            "allow_squash_merge": "false",
                            "archived": "false",
                            "auto_init": "true",
                            "default_branch": "master",
                            "description": "Verify Matching Service Adapter",
                            "etag": "W/\"65afcfe0de6ce493697585beec739c52\"",
                            "full_name": "alphagov/verify-matching-service-adapter",
                            "git_clone_url": "git://github.com/alphagov/verify-matching-service-adapter.git",
                            "has_downloads": "false",
                            "has_issues": "true",
                            "has_wiki": "true",
                            "homepage_url": "",
                            "html_url": "https://github.com/alphagov/verify-matching-service-adapter",
                            "http_clone_url": "https://github.com/alphagov/verify-matching-service-adapter.git",
                            "id": "verify-matching-service-adapter",
                            "name": "verify-matching-service-adapter",
                            "private": "false",
                            "ssh_clone_url": "git@github.com:alphagov/verify-matching-service-adapter.git",
                            "svn_url": "https://github.com/alphagov/verify-matching-service-adapter",
                            "topics.#": "1",
                            "topics.2357015465": "verify"
                        },
                        "meta": {},
                        "tainted": false
                    },
                    "deposed": [],
                    "provider": "provider.github"
                },
                "github_team_repository.repo_team_push": {
                    "type": "github_team_repository",
                    "depends_on": [
                        "data.github_team.teams.*",
                        "github_repository.repo"
                    ],
                    "primary": {
                        "id": "2826122:verify-matching-service-adapter",
                        "attributes": {
                            "etag": "W/\"b0a1a1d9f3a543cbe61bb7c9d2232a58\"",
                            "id": "2826122:verify-matching-service-adapter",
                            "permission": "push",
                            "repository": "verify-matching-service-adapter",
                            "team_id": "2826122"
                        },
                        "meta": {},
                        "tainted": false
                    },
                    "deposed": [],
                    "provider": "provider.github"
                }
            },
            "depends_on": []
        },
        {
            "path": [
                "root",
                "repo_verify_metadata"
            ],
            "outputs": {},
            "resources": {
                "github_branch_protection.repo_protect_master": {
                    "type": "github_branch_protection",
                    "depends_on": [],
                    "primary": {
                        "id": "verify-metadata:master",
                        "attributes": {
                            "branch": "master",
                            "enforce_admins": "false",
                            "etag": "W/\"e8581e7df3676c0981c986ee5b2cafdf\"",
                            "id": "verify-metadata:master",
                            "repository": "verify-metadata",
                            "required_pull_request_reviews.#": "1",
                            "required_pull_request_reviews.0.dismiss_stale_reviews": "true",
                            "required_pull_request_reviews.0.dismissal_teams.#": "0",
                            "required_pull_request_reviews.0.dismissal_users.#": "0",
                            "required_pull_request_reviews.0.include_admins": "false",
                            "required_pull_request_reviews.0.require_code_owner_reviews": "false",
                            "required_pull_request_reviews.0.required_approving_review_count": "2",
                            "required_status_checks.#": "0",
                            "restrictions.#": "0"
                        },
                        "meta": {},
                        "tainted": false
                    },
                    "deposed": [],
                    "provider": "provider.github"
                },
                "github_repository.repo": {
                    "type": "github_repository",
                    "depends_on": [],
                    "primary": {
                        "id": "verify-metadata",
                        "attributes": {
                            "allow_merge_commit": "true",
                            "allow_rebase_merge": "false",
                            "allow_squash_merge": "false",
                            "archived": "false",
                            "auto_init": "true",
                            "default_branch": "master",
                            "description": "Verify SAML metadata sources",
                            "etag": "W/\"2627c4e5dfc01940a8fcc91dc24547f1\"",
                            "full_name": "alphagov/verify-metadata",
                            "git_clone_url": "git://github.com/alphagov/verify-metadata.git",
                            "has_downloads": "false",
                            "has_issues": "true",
                            "has_wiki": "true",
                            "homepage_url": "",
                            "html_url": "https://github.com/alphagov/verify-metadata",
                            "http_clone_url": "https://github.com/alphagov/verify-metadata.git",
                            "id": "verify-metadata",
                            "name": "verify-metadata",
                            "private": "true",
                            "ssh_clone_url": "git@github.com:alphagov/verify-metadata.git",
                            "svn_url": "https://github.com/alphagov/verify-metadata",
                            "topics.#": "1",
                            "topics.2357015465": "verify"
                        },
                        "meta": {},
                        "tainted": false
                    },
                    "deposed": [],
                    "provider": "provider.github"
                },
                "github_team_repository.repo_team_push": {
                    "type": "github_team_repository",
                    "depends_on": [
                        "data.github_team.teams.*",
                        "github_repository.repo"
                    ],
                    "primary": {
                        "id": "2826122:verify-metadata",
                        "attributes": {
                            "etag": "W/\"d60c5c959355455d2828026cf2720fae\"",
                            "id": "2826122:verify-metadata",
                            "permission": "push",
                            "repository": "verify-metadata",
                            "team_id": "2826122"
                        },
                        "meta": {},
                        "tainted": false
                    },
                    "deposed": [],
                    "provider": "provider.github"
                }
            },
            "depends_on": []
        },
        {
            "path": [
                "root",
                "repo_verify_packages"
            ],
            "outputs": {},
            "resources": {
                "github_branch_protection.repo_protect_master": {
                    "type": "github_branch_protection",
                    "depends_on": [
                        "github_repository.repo"
                    ],
                    "primary": {
                        "id": "verify-packages:master",
                        "attributes": {
                            "branch": "master",
                            "enforce_admins": "false",
                            "etag": "W/\"5d07debd446995e804a6b40776fabba2\"",
                            "id": "verify-packages:master",
                            "repository": "verify-packages",
                            "required_pull_request_reviews.#": "1",
                            "required_pull_request_reviews.0.dismiss_stale_reviews": "true",
                            "required_pull_request_reviews.0.dismissal_teams.#": "0",
                            "required_pull_request_reviews.0.dismissal_users.#": "0",
                            "required_pull_request_reviews.0.include_admins": "false",
                            "required_pull_request_reviews.0.require_code_owner_reviews": "false",
                            "required_pull_request_reviews.0.required_approving_review_count": "2",
                            "required_status_checks.#": "0",
                            "restrictions.#": "0"
                        },
                        "meta": {},
                        "tainted": false
                    },
                    "deposed": [],
                    "provider": "provider.github"
                },
                "github_repository.repo": {
                    "type": "github_repository",
                    "depends_on": [],
                    "primary": {
                        "id": "verify-packages",
                        "attributes": {
                            "allow_merge_commit": "true",
                            "allow_rebase_merge": "false",
                            "allow_squash_merge": "false",
                            "archived": "false",
                            "auto_init": "true",
                            "default_branch": "master",
                            "description": "Builds custom ubuntu packages used for Verify systems",
                            "etag": "W/\"4adced671245a99c4276b3f0e63f9023\"",
                            "full_name": "alphagov/verify-packages",
                            "git_clone_url": "git://github.com/alphagov/verify-packages.git",
                            "has_downloads": "false",
                            "has_issues": "true",
                            "has_wiki": "true",
                            "homepage_url": "",
                            "html_url": "https://github.com/alphagov/verify-packages",
                            "http_clone_url": "https://github.com/alphagov/verify-packages.git",
                            "id": "verify-packages",
                            "name": "verify-packages",
                            "private": "true",
                            "ssh_clone_url": "git@github.com:alphagov/verify-packages.git",
                            "svn_url": "https://github.com/alphagov/verify-packages",
                            "topics.#": "1",
                            "topics.2357015465": "verify"
                        },
                        "meta": {},
                        "tainted": false
                    },
                    "deposed": [],
                    "provider": "provider.github"
                },
                "github_team_repository.repo_team_push.0": {
                    "type": "github_team_repository",
                    "depends_on": [
                        "data.github_team.push_teams.*",
                        "github_repository.repo"
                    ],
                    "primary": {
                        "id": "2826122:verify-packages",
                        "attributes": {
                            "etag": "W/\"8d4119dd2ba8a6e8e410a3f61488c4e5\"",
                            "id": "2826122:verify-packages",
                            "permission": "push",
                            "repository": "verify-packages",
                            "team_id": "2826122"
                        },
                        "meta": {},
                        "tainted": false
                    },
                    "deposed": [],
                    "provider": "provider.github"
                },
                "github_team_repository.repo_team_push.1": {
                    "type": "github_team_repository",
                    "depends_on": [
                        "data.github_team.push_teams.*",
                        "github_repository.repo"
                    ],
                    "primary": {
                        "id": "2826127:verify-packages",
                        "attributes": {
                            "etag": "W/\"8d4119dd2ba8a6e8e410a3f61488c4e5\"",
                            "id": "2826127:verify-packages",
                            "permission": "push",
                            "repository": "verify-packages",
                            "team_id": "2826127"
                        },
                        "meta": {},
                        "tainted": false
                    },
                    "deposed": [],
                    "provider": "provider.github"
                }
            },
            "depends_on": []
        },
        {
            "path": [
                "root",
                "repo_verify_performance"
            ],
            "outputs": {},
            "resources": {
                "github_branch_protection.repo_protect_master": {
                    "type": "github_branch_protection",
                    "depends_on": [
                        "github_repository.repo"
                    ],
                    "primary": {
                        "id": "verify-performance:master",
                        "attributes": {
                            "branch": "master",
                            "enforce_admins": "false",
                            "etag": "W/\"800d3ccffb2bdbc230a51e1f42cfd081\"",
                            "id": "verify-performance:master",
                            "repository": "verify-performance",
                            "required_pull_request_reviews.#": "1",
                            "required_pull_request_reviews.0.dismiss_stale_reviews": "true",
                            "required_pull_request_reviews.0.dismissal_teams.#": "0",
                            "required_pull_request_reviews.0.dismissal_users.#": "0",
                            "required_pull_request_reviews.0.include_admins": "false",
                            "required_pull_request_reviews.0.require_code_owner_reviews": "false",
                            "required_pull_request_reviews.0.required_approving_review_count": "2",
                            "required_status_checks.#": "0",
                            "restrictions.#": "0"
                        },
                        "meta": {},
                        "tainted": false
                    },
                    "deposed": [],
                    "provider": "provider.github"
                },
                "github_repository.repo": {
                    "type": "github_repository",
                    "depends_on": [],
                    "primary": {
                        "id": "verify-performance",
                        "attributes": {
                            "allow_merge_commit": "true",
                            "allow_rebase_merge": "false",
                            "allow_squash_merge": "false",
                            "archived": "false",
                            "auto_init": "true",
                            "default_branch": "master",
                            "description": "Repo for the Verify performance and data team",
                            "etag": "W/\"a65288d4499c938494003b6d7ebd5b4c\"",
                            "full_name": "alphagov/verify-performance",
                            "git_clone_url": "git://github.com/alphagov/verify-performance.git",
                            "has_downloads": "false",
                            "has_issues": "true",
                            "has_wiki": "true",
                            "homepage_url": "",
                            "html_url": "https://github.com/alphagov/verify-performance",
                            "http_clone_url": "https://github.com/alphagov/verify-performance.git",
                            "id": "verify-performance",
                            "name": "verify-performance",
                            "private": "true",
                            "ssh_clone_url": "git@github.com:alphagov/verify-performance.git",
                            "svn_url": "https://github.com/alphagov/verify-performance",
                            "topics.#": "1",
                            "topics.2357015465": "verify"
                        },
                        "meta": {},
                        "tainted": false
                    },
                    "deposed": [],
                    "provider": "provider.github"
                },
                "github_team_repository.repo_team_push": {
                    "type": "github_team_repository",
                    "depends_on": [
                        "data.github_team.push_teams.*",
                        "github_repository.repo"
                    ],
                    "primary": {
                        "id": "2826122:verify-performance",
                        "attributes": {
                            "etag": "W/\"768dd634cf51b5e5602b2a525f4c50e4\"",
                            "id": "2826122:verify-performance",
                            "permission": "push",
                            "repository": "verify-performance",
                            "team_id": "2826122"
                        },
                        "meta": {},
                        "tainted": false
                    },
                    "deposed": [],
                    "provider": "provider.github"
                }
            },
            "depends_on": []
        },
        {
            "path": [
                "root",
                "repo_verify_performance_scripts"
            ],
            "outputs": {},
            "resources": {
                "github_branch_protection.repo_protect_master": {
                    "type": "github_branch_protection",
                    "depends_on": [
                        "github_repository.repo"
                    ],
                    "primary": {
                        "id": "verify-performance-scripts:master",
                        "attributes": {
                            "branch": "master",
                            "enforce_admins": "false",
                            "etag": "W/\"073df1e791340e433be764ffd7326f3e\"",
                            "id": "verify-performance-scripts:master",
                            "repository": "verify-performance-scripts",
                            "required_pull_request_reviews.#": "1",
                            "required_pull_request_reviews.0.dismiss_stale_reviews": "true",
                            "required_pull_request_reviews.0.dismissal_teams.#": "0",
                            "required_pull_request_reviews.0.dismissal_users.#": "0",
                            "required_pull_request_reviews.0.include_admins": "false",
                            "required_pull_request_reviews.0.require_code_owner_reviews": "false",
                            "required_pull_request_reviews.0.required_approving_review_count": "2",
                            "required_status_checks.#": "0",
                            "restrictions.#": "0"
                        },
                        "meta": {},
                        "tainted": false
                    },
                    "deposed": [],
                    "provider": "provider.github"
                },
                "github_repository.repo": {
                    "type": "github_repository",
                    "depends_on": [],
                    "primary": {
                        "id": "verify-performance-scripts",
                        "attributes": {
                            "allow_merge_commit": "true",
                            "allow_rebase_merge": "false",
                            "allow_squash_merge": "false",
                            "archived": "false",
                            "auto_init": "true",
                            "default_branch": "master",
                            "description": "Scripts related to verify performance",
                            "etag": "W/\"879cd92b0d322b6c485e9e62507f4ead\"",
                            "full_name": "alphagov/verify-performance-scripts",
                            "git_clone_url": "git://github.com/alphagov/verify-performance-scripts.git",
                            "has_downloads": "false",
                            "has_issues": "true",
                            "has_wiki": "true",
                            "homepage_url": "",
                            "html_url": "https://github.com/alphagov/verify-performance-scripts",
                            "http_clone_url": "https://github.com/alphagov/verify-performance-scripts.git",
                            "id": "verify-performance-scripts",
                            "name": "verify-performance-scripts",
                            "private": "false",
                            "ssh_clone_url": "git@github.com:alphagov/verify-performance-scripts.git",
                            "svn_url": "https://github.com/alphagov/verify-performance-scripts",
                            "topics.#": "0"
                        },
                        "meta": {},
                        "tainted": false
                    },
                    "deposed": [],
                    "provider": "provider.github"
                },
                "github_team_repository.repo_team_push": {
                    "type": "github_team_repository",
                    "depends_on": [
                        "data.github_team.push_teams.*",
                        "github_repository.repo"
                    ],
                    "primary": {
                        "id": "2826122:verify-performance-scripts",
                        "attributes": {
                            "etag": "W/\"7dec09b43dda90ea255f5f90e52fea21\"",
                            "id": "2826122:verify-performance-scripts",
                            "permission": "push",
                            "repository": "verify-performance-scripts",
                            "team_id": "2826122"
                        },
                        "meta": {},
                        "tainted": false
                    },
                    "deposed": [],
                    "provider": "provider.github"
                }
            },
            "depends_on": []
        },
        {
            "path": [
                "root",
                "repo_verify_proxy_node"
            ],
            "outputs": {},
            "resources": {
                "github_branch_protection.repo_protect_master": {
                    "type": "github_branch_protection",
                    "depends_on": [
                        "github_repository.repo"
                    ],
                    "primary": {
                        "id": "verify-proxy-node:master",
                        "attributes": {
                            "branch": "master",
                            "enforce_admins": "false",
                            "etag": "W/\"129d419c6aa74d650892d0b1ce9db739\"",
                            "id": "verify-proxy-node:master",
                            "repository": "verify-proxy-node",
                            "required_pull_request_reviews.#": "1",
                            "required_pull_request_reviews.0.dismiss_stale_reviews": "true",
                            "required_pull_request_reviews.0.dismissal_teams.#": "0",
                            "required_pull_request_reviews.0.dismissal_users.#": "0",
                            "required_pull_request_reviews.0.include_admins": "false",
                            "required_pull_request_reviews.0.require_code_owner_reviews": "false",
                            "required_pull_request_reviews.0.required_approving_review_count": "2",
                            "required_status_checks.#": "0",
                            "restrictions.#": "0"
                        },
                        "meta": {},
                        "tainted": false
                    },
                    "deposed": [],
                    "provider": "provider.github"
                },
                "github_repository.repo": {
                    "type": "github_repository",
                    "depends_on": [],
                    "primary": {
                        "id": "verify-proxy-node",
                        "attributes": {
                            "allow_merge_commit": "true",
                            "allow_rebase_merge": "false",
                            "allow_squash_merge": "false",
                            "archived": "false",
                            "auto_init": "true",
                            "default_branch": "master",
                            "description": "eIDAS Proxy Node",
                            "etag": "W/\"b5c7e3290de8918b9dc9e0cd0685b2d1\"",
                            "full_name": "alphagov/verify-proxy-node",
                            "git_clone_url": "git://github.com/alphagov/verify-proxy-node.git",
                            "has_downloads": "false",
                            "has_issues": "true",
                            "has_wiki": "true",
                            "homepage_url": "",
                            "html_url": "https://github.com/alphagov/verify-proxy-node",
                            "http_clone_url": "https://github.com/alphagov/verify-proxy-node.git",
                            "id": "verify-proxy-node",
                            "name": "verify-proxy-node",
                            "private": "false",
                            "ssh_clone_url": "git@github.com:alphagov/verify-proxy-node.git",
                            "svn_url": "https://github.com/alphagov/verify-proxy-node",
                            "topics.#": "0"
                        },
                        "meta": {},
                        "tainted": false
                    },
                    "deposed": [],
                    "provider": "provider.github"
                },
                "github_team_repository.repo_team_push": {
                    "type": "github_team_repository",
                    "depends_on": [
                        "data.github_team.push_teams.*",
                        "github_repository.repo"
                    ],
                    "primary": {
                        "id": "2826126:verify-proxy-node",
                        "attributes": {
                            "etag": "W/\"94a64277e538defd1fc36ec0a98740d3\"",
                            "id": "2826126:verify-proxy-node",
                            "permission": "push",
                            "repository": "verify-proxy-node",
                            "team_id": "2826126"
                        },
                        "meta": {},
                        "tainted": false
                    },
                    "deposed": [],
                    "provider": "provider.github"
                }
            },
            "depends_on": []
        },
        {
            "path": [
                "root",
                "repo_verify_proxy_node_infra"
            ],
            "outputs": {},
            "resources": {
                "github_branch_protection.repo_protect_master": {
                    "type": "github_branch_protection",
                    "depends_on": [
                        "github_repository.repo"
                    ],
                    "primary": {
                        "id": "verify-proxy-node-infra:master",
                        "attributes": {
                            "branch": "master",
                            "enforce_admins": "false",
                            "etag": "W/\"fc30fa525ce86ba1376390f63815de9a\"",
                            "id": "verify-proxy-node-infra:master",
                            "repository": "verify-proxy-node-infra",
                            "required_pull_request_reviews.#": "1",
                            "required_pull_request_reviews.0.dismiss_stale_reviews": "true",
                            "required_pull_request_reviews.0.dismissal_teams.#": "0",
                            "required_pull_request_reviews.0.dismissal_users.#": "0",
                            "required_pull_request_reviews.0.include_admins": "false",
                            "required_pull_request_reviews.0.require_code_owner_reviews": "false",
                            "required_pull_request_reviews.0.required_approving_review_count": "2",
                            "required_status_checks.#": "0",
                            "restrictions.#": "0"
                        },
                        "meta": {},
                        "tainted": false
                    },
                    "deposed": [],
                    "provider": "provider.github"
                },
                "github_repository.repo": {
                    "type": "github_repository",
                    "depends_on": [],
                    "primary": {
                        "id": "verify-proxy-node-infra",
                        "attributes": {
                            "allow_merge_commit": "true",
                            "allow_rebase_merge": "false",
                            "allow_squash_merge": "false",
                            "archived": "false",
                            "auto_init": "true",
                            "default_branch": "master",
                            "description": "Verify eIDAS Proxy Node infrastructure",
                            "etag": "W/\"dad3ef908c6fe32355f8a5d969250048\"",
                            "full_name": "alphagov/verify-proxy-node-infra",
                            "git_clone_url": "git://github.com/alphagov/verify-proxy-node-infra.git",
                            "has_downloads": "false",
                            "has_issues": "true",
                            "has_wiki": "true",
                            "homepage_url": "",
                            "html_url": "https://github.com/alphagov/verify-proxy-node-infra",
                            "http_clone_url": "https://github.com/alphagov/verify-proxy-node-infra.git",
                            "id": "verify-proxy-node-infra",
                            "name": "verify-proxy-node-infra",
                            "private": "true",
                            "ssh_clone_url": "git@github.com:alphagov/verify-proxy-node-infra.git",
                            "svn_url": "https://github.com/alphagov/verify-proxy-node-infra",
                            "topics.#": "0"
                        },
                        "meta": {},
                        "tainted": false
                    },
                    "deposed": [],
                    "provider": "provider.github"
                },
                "github_team_repository.repo_team_push.0": {
                    "type": "github_team_repository",
                    "depends_on": [
                        "data.github_team.push_teams.*",
                        "github_repository.repo"
                    ],
                    "primary": {
                        "id": "2826126:verify-proxy-node-infra",
                        "attributes": {
                            "etag": "W/\"92f8ec04c96aa42e4c31ab1617d37759\"",
                            "id": "2826126:verify-proxy-node-infra",
                            "permission": "push",
                            "repository": "verify-proxy-node-infra",
                            "team_id": "2826126"
                        },
                        "meta": {},
                        "tainted": false
                    },
                    "deposed": [],
                    "provider": "provider.github"
                },
                "github_team_repository.repo_team_push.1": {
                    "type": "github_team_repository",
                    "depends_on": [
                        "data.github_team.push_teams.*",
                        "github_repository.repo"
                    ],
                    "primary": {
                        "id": "2826127:verify-proxy-node-infra",
                        "attributes": {
                            "etag": "W/\"92f8ec04c96aa42e4c31ab1617d37759\"",
                            "id": "2826127:verify-proxy-node-infra",
                            "permission": "push",
                            "repository": "verify-proxy-node-infra",
                            "team_id": "2826127"
                        },
                        "meta": {},
                        "tainted": false
                    },
                    "deposed": [],
                    "provider": "provider.github"
                }
            },
            "depends_on": []
        },
        {
            "path": [
                "root",
                "repo_verify_puppet"
            ],
            "outputs": {},
            "resources": {
                "github_branch_protection.repo_protect_master": {
                    "type": "github_branch_protection",
                    "depends_on": [],
                    "primary": {
                        "id": "verify-puppet:master",
                        "attributes": {
                            "branch": "master",
                            "enforce_admins": "false",
                            "etag": "W/\"3eddb7fc22ba11a7fdfe5b4633807045\"",
                            "id": "verify-puppet:master",
                            "repository": "verify-puppet",
                            "required_pull_request_reviews.#": "1",
                            "required_pull_request_reviews.0.dismiss_stale_reviews": "true",
                            "required_pull_request_reviews.0.dismissal_teams.#": "0",
                            "required_pull_request_reviews.0.dismissal_users.#": "0",
                            "required_pull_request_reviews.0.include_admins": "false",
                            "required_pull_request_reviews.0.require_code_owner_reviews": "false",
                            "required_pull_request_reviews.0.required_approving_review_count": "2",
                            "required_status_checks.#": "0",
                            "restrictions.#": "0"
                        },
                        "meta": {},
                        "tainted": false
                    },
                    "deposed": [],
                    "provider": "provider.github"
                },
                "github_repository.repo": {
                    "type": "github_repository",
                    "depends_on": [],
                    "primary": {
                        "id": "verify-puppet",
                        "attributes": {
                            "allow_merge_commit": "true",
                            "allow_rebase_merge": "false",
                            "allow_squash_merge": "false",
                            "archived": "false",
                            "auto_init": "true",
                            "default_branch": "master",
                            "description": "Puppet code for GOV.UK Verify",
                            "etag": "W/\"f09ba1095ebc4ff147757d5c1490a16e\"",
                            "full_name": "alphagov/verify-puppet",
                            "git_clone_url": "git://github.com/alphagov/verify-puppet.git",
                            "has_downloads": "false",
                            "has_issues": "true",
                            "has_wiki": "true",
                            "homepage_url": "",
                            "html_url": "https://github.com/alphagov/verify-puppet",
                            "http_clone_url": "https://github.com/alphagov/verify-puppet.git",
                            "id": "verify-puppet",
                            "name": "verify-puppet",
                            "private": "true",
                            "ssh_clone_url": "git@github.com:alphagov/verify-puppet.git",
                            "svn_url": "https://github.com/alphagov/verify-puppet",
                            "topics.#": "1",
                            "topics.2357015465": "verify"
                        },
                        "meta": {},
                        "tainted": false
                    },
                    "deposed": [],
                    "provider": "provider.github"
                },
                "github_team_repository.repo_team_push.0": {
                    "type": "github_team_repository",
                    "depends_on": [
                        "data.github_team.push_teams.*",
                        "github_repository.repo"
                    ],
                    "primary": {
                        "id": "2826122:verify-puppet",
                        "attributes": {
                            "etag": "W/\"99caa96209f63b6c806748dabc9d70a1\"",
                            "id": "2826122:verify-puppet",
                            "permission": "push",
                            "repository": "verify-puppet",
                            "team_id": "2826122"
                        },
                        "meta": {},
                        "tainted": false
                    },
                    "deposed": [],
                    "provider": "provider.github"
                },
                "github_team_repository.repo_team_push.1": {
                    "type": "github_team_repository",
                    "depends_on": [
                        "data.github_team.push_teams.*",
                        "github_repository.repo"
                    ],
                    "primary": {
                        "id": "2826127:verify-puppet",
                        "attributes": {
                            "etag": "W/\"99caa96209f63b6c806748dabc9d70a1\"",
                            "id": "2826127:verify-puppet",
                            "permission": "push",
                            "repository": "verify-puppet",
                            "team_id": "2826127"
                        },
                        "meta": {},
                        "tainted": false
                    },
                    "deposed": [],
                    "provider": "provider.github"
                }
            },
            "depends_on": []
        },
        {
            "path": [
                "root",
                "repo_verify_release_automation"
            ],
            "outputs": {},
            "resources": {
                "github_branch_protection.repo_protect_master": {
                    "type": "github_branch_protection",
                    "depends_on": [],
                    "primary": {
                        "id": "verify-release-automation:master",
                        "attributes": {
                            "branch": "master",
                            "enforce_admins": "false",
                            "etag": "W/\"7e40635090922782f8011c8dbe75a86d\"",
                            "id": "verify-release-automation:master",
                            "repository": "verify-release-automation",
                            "required_pull_request_reviews.#": "1",
                            "required_pull_request_reviews.0.dismiss_stale_reviews": "true",
                            "required_pull_request_reviews.0.dismissal_teams.#": "0",
                            "required_pull_request_reviews.0.dismissal_users.#": "0",
                            "required_pull_request_reviews.0.include_admins": "false",
                            "required_pull_request_reviews.0.require_code_owner_reviews": "false",
                            "required_pull_request_reviews.0.required_approving_review_count": "2",
                            "required_status_checks.#": "0",
                            "restrictions.#": "0"
                        },
                        "meta": {},
                        "tainted": false
                    },
                    "deposed": [],
                    "provider": "provider.github"
                },
                "github_repository.repo": {
                    "type": "github_repository",
                    "depends_on": [],
                    "primary": {
                        "id": "verify-release-automation",
                        "attributes": {
                            "allow_merge_commit": "true",
                            "allow_rebase_merge": "false",
                            "allow_squash_merge": "false",
                            "archived": "false",
                            "auto_init": "true",
                            "default_branch": "master",
                            "description": "🚂 The Verify Release Train",
                            "etag": "W/\"5822dbdcab8588662faadb3fcee8e079\"",
                            "full_name": "alphagov/verify-release-automation",
                            "git_clone_url": "git://github.com/alphagov/verify-release-automation.git",
                            "has_downloads": "false",
                            "has_issues": "true",
                            "has_wiki": "true",
                            "homepage_url": "",
                            "html_url": "https://github.com/alphagov/verify-release-automation",
                            "http_clone_url": "https://github.com/alphagov/verify-release-automation.git",
                            "id": "verify-release-automation",
                            "name": "verify-release-automation",
                            "private": "true",
                            "ssh_clone_url": "git@github.com:alphagov/verify-release-automation.git",
                            "svn_url": "https://github.com/alphagov/verify-release-automation",
                            "topics.#": "1",
                            "topics.2357015465": "verify"
                        },
                        "meta": {},
                        "tainted": false
                    },
                    "deposed": [],
                    "provider": "provider.github"
                },
                "github_team_repository.repo_team_push": {
                    "type": "github_team_repository",
                    "depends_on": [
                        "data.github_team.push_teams.*",
                        "github_repository.repo"
                    ],
                    "primary": {
                        "id": "2826122:verify-release-automation",
                        "attributes": {
                            "etag": "W/\"469d53bddf03315905101b44fb544e0c\"",
                            "id": "2826122:verify-release-automation",
                            "permission": "push",
                            "repository": "verify-release-automation",
                            "team_id": "2826122"
                        },
                        "meta": {},
                        "tainted": false
                    },
                    "deposed": [],
                    "provider": "provider.github"
                }
            },
            "depends_on": []
        },
        {
            "path": [
                "root",
                "repo_verify_release_logs"
            ],
            "outputs": {},
            "resources": {
                "github_repository.repo": {
                    "type": "github_repository",
                    "depends_on": [],
                    "primary": {
                        "id": "verify-release-logs",
                        "attributes": {
                            "allow_merge_commit": "true",
                            "allow_rebase_merge": "false",
                            "allow_squash_merge": "false",
                            "archived": "false",
                            "default_branch": "master",
                            "description": "Logs of releases generated from the verify-release-automation tool",
                            "etag": "W/\"0df25fe8c15a560488a5cac2bdce1718\"",
                            "full_name": "alphagov/verify-release-logs",
                            "git_clone_url": "git://github.com/alphagov/verify-release-logs.git",
                            "has_downloads": "false",
                            "has_issues": "true",
                            "has_wiki": "true",
                            "homepage_url": "",
                            "html_url": "https://github.com/alphagov/verify-release-logs",
                            "http_clone_url": "https://github.com/alphagov/verify-release-logs.git",
                            "id": "verify-release-logs",
                            "name": "verify-release-logs",
                            "private": "true",
                            "ssh_clone_url": "git@github.com:alphagov/verify-release-logs.git",
                            "svn_url": "https://github.com/alphagov/verify-release-logs",
                            "topics.#": "1",
                            "topics.2357015465": "verify"
                        },
                        "meta": {},
                        "tainted": false
                    },
                    "deposed": [],
                    "provider": "provider.github"
                },
                "github_team_repository.repo_team_push": {
                    "type": "github_team_repository",
                    "depends_on": [
                        "data.github_team.push_teams.*",
                        "github_repository.repo"
                    ],
                    "primary": {
                        "id": "2826122:verify-release-logs",
                        "attributes": {
                            "etag": "W/\"d88d1d1f297f27eb6a7e9db02073e341\"",
                            "id": "2826122:verify-release-logs",
                            "permission": "push",
                            "repository": "verify-release-logs",
                            "team_id": "2826122"
                        },
                        "meta": {},
                        "tainted": false
                    },
                    "deposed": [],
                    "provider": "provider.github"
                }
            },
            "depends_on": []
        },
        {
            "path": [
                "root",
                "repo_verify_rp_environment_config_form"
            ],
            "outputs": {},
            "resources": {
                "github_branch_protection.repo_protect_master": {
                    "type": "github_branch_protection",
                    "depends_on": [],
                    "primary": {
                        "id": "verify-rp-environment-config-form:master",
                        "attributes": {
                            "branch": "master",
                            "enforce_admins": "false",
                            "etag": "W/\"a34484315feb07bcb8702371215aa89f\"",
                            "id": "verify-rp-environment-config-form:master",
                            "repository": "verify-rp-environment-config-form",
                            "required_pull_request_reviews.#": "1",
                            "required_pull_request_reviews.0.dismiss_stale_reviews": "true",
                            "required_pull_request_reviews.0.dismissal_teams.#": "0",
                            "required_pull_request_reviews.0.dismissal_users.#": "0",
                            "required_pull_request_reviews.0.include_admins": "false",
                            "required_pull_request_reviews.0.require_code_owner_reviews": "false",
                            "required_pull_request_reviews.0.required_approving_review_count": "2",
                            "required_status_checks.#": "0",
                            "restrictions.#": "0"
                        },
                        "meta": {},
                        "tainted": false
                    },
                    "deposed": [],
                    "provider": "provider.github"
                },
                "github_repository.repo": {
                    "type": "github_repository",
                    "depends_on": [],
                    "primary": {
                        "id": "verify-rp-environment-config-form",
                        "attributes": {
                            "allow_merge_commit": "true",
                            "allow_rebase_merge": "false",
                            "allow_squash_merge": "false",
                            "archived": "false",
                            "auto_init": "true",
                            "default_branch": "master",
                            "description": " :page_with_curl: The form for relying parties to provide Verify with environment configuration",
                            "etag": "W/\"6c14fe0aae82d057459f7bd96fe8813a\"",
                            "full_name": "alphagov/verify-rp-environment-config-form",
                            "git_clone_url": "git://github.com/alphagov/verify-rp-environment-config-form.git",
                            "has_downloads": "false",
                            "has_issues": "true",
                            "has_wiki": "true",
                            "homepage_url": "",
                            "html_url": "https://github.com/alphagov/verify-rp-environment-config-form",
                            "http_clone_url": "https://github.com/alphagov/verify-rp-environment-config-form.git",
                            "id": "verify-rp-environment-config-form",
                            "name": "verify-rp-environment-config-form",
                            "private": "false",
                            "ssh_clone_url": "git@github.com:alphagov/verify-rp-environment-config-form.git",
                            "svn_url": "https://github.com/alphagov/verify-rp-environment-config-form",
                            "topics.#": "1",
                            "topics.2357015465": "verify"
                        },
                        "meta": {},
                        "tainted": false
                    },
                    "deposed": [],
                    "provider": "provider.github"
                },
                "github_team_repository.repo_team_push": {
                    "type": "github_team_repository",
                    "depends_on": [
                        "data.github_team.push_teams.*",
                        "github_repository.repo"
                    ],
                    "primary": {
                        "id": "2826122:verify-rp-environment-config-form",
                        "attributes": {
                            "etag": "W/\"e76b75c91c37f9ecb21cbd9cf5d495d0\"",
                            "id": "2826122:verify-rp-environment-config-form",
                            "permission": "push",
                            "repository": "verify-rp-environment-config-form",
                            "team_id": "2826122"
                        },
                        "meta": {},
                        "tainted": false
                    },
                    "deposed": [],
                    "provider": "provider.github"
                }
            },
            "depends_on": []
        },
        {
            "path": [
                "root",
                "repo_verify_saml_libs"
            ],
            "outputs": {},
            "resources": {
                "github_branch_protection.repo_protect_master": {
                    "type": "github_branch_protection",
                    "depends_on": [],
                    "primary": {
                        "id": "verify-saml-libs:master",
                        "attributes": {
                            "branch": "master",
                            "enforce_admins": "false",
                            "etag": "W/\"1bc7ff3f378ece403531c2760946cdd0\"",
                            "id": "verify-saml-libs:master",
                            "repository": "verify-saml-libs",
                            "required_pull_request_reviews.#": "1",
                            "required_pull_request_reviews.0.dismiss_stale_reviews": "true",
                            "required_pull_request_reviews.0.dismissal_teams.#": "0",
                            "required_pull_request_reviews.0.dismissal_users.#": "0",
                            "required_pull_request_reviews.0.include_admins": "false",
                            "required_pull_request_reviews.0.require_code_owner_reviews": "false",
                            "required_pull_request_reviews.0.required_approving_review_count": "2",
                            "required_status_checks.#": "0",
                            "restrictions.#": "0"
                        },
                        "meta": {},
                        "tainted": false
                    },
                    "deposed": [],
                    "provider": "provider.github"
                },
                "github_repository.repo": {
                    "type": "github_repository",
                    "depends_on": [],
                    "primary": {
                        "id": "verify-saml-libs",
                        "attributes": {
                            "allow_merge_commit": "true",
                            "allow_rebase_merge": "false",
                            "allow_squash_merge": "false",
                            "archived": "false",
                            "auto_init": "true",
                            "default_branch": "master",
                            "description": "Verify SAML Libraries 📚",
                            "etag": "W/\"df949bd0147cc8cf384dbe2bdc7ab58b\"",
                            "full_name": "alphagov/verify-saml-libs",
                            "git_clone_url": "git://github.com/alphagov/verify-saml-libs.git",
                            "has_downloads": "false",
                            "has_issues": "true",
                            "has_wiki": "true",
                            "homepage_url": "",
                            "html_url": "https://github.com/alphagov/verify-saml-libs",
                            "http_clone_url": "https://github.com/alphagov/verify-saml-libs.git",
                            "id": "verify-saml-libs",
                            "name": "verify-saml-libs",
                            "private": "false",
                            "ssh_clone_url": "git@github.com:alphagov/verify-saml-libs.git",
                            "svn_url": "https://github.com/alphagov/verify-saml-libs",
                            "topics.#": "2",
                            "topics.2357015465": "verify",
                            "topics.3280365720": "saml"
                        },
                        "meta": {},
                        "tainted": false
                    },
                    "deposed": [],
                    "provider": "provider.github"
                },
                "github_team_repository.repo_team_push": {
                    "type": "github_team_repository",
                    "depends_on": [
                        "data.github_team.teams.*",
                        "github_repository.repo"
                    ],
                    "primary": {
                        "id": "2826122:verify-saml-libs",
                        "attributes": {
                            "etag": "W/\"79a82068770a44ab62ac8fac0e0d4596\"",
                            "id": "2826122:verify-saml-libs",
                            "permission": "push",
                            "repository": "verify-saml-libs",
                            "team_id": "2826122"
                        },
                        "meta": {},
                        "tainted": false
                    },
                    "deposed": [],
                    "provider": "provider.github"
                }
            },
            "depends_on": []
        },
        {
            "path": [
                "root",
                "repo_verify_self_service"
            ],
            "outputs": {},
            "resources": {
                "github_branch_protection.repo_protect_master": {
                    "type": "github_branch_protection",
                    "depends_on": [
                        "github_repository.repo"
                    ],
                    "primary": {
                        "id": "verify-self-service:master",
                        "attributes": {
                            "branch": "master",
                            "enforce_admins": "false",
                            "etag": "W/\"85acd70b2a21955ea356d6886536f5de\"",
                            "id": "verify-self-service:master",
                            "repository": "verify-self-service",
                            "required_pull_request_reviews.#": "1",
                            "required_pull_request_reviews.0.dismiss_stale_reviews": "true",
                            "required_pull_request_reviews.0.dismissal_teams.#": "0",
                            "required_pull_request_reviews.0.dismissal_users.#": "0",
                            "required_pull_request_reviews.0.include_admins": "false",
                            "required_pull_request_reviews.0.require_code_owner_reviews": "false",
                            "required_pull_request_reviews.0.required_approving_review_count": "2",
                            "required_status_checks.#": "0",
                            "restrictions.#": "0"
                        },
                        "meta": {},
                        "tainted": false
                    },
                    "deposed": [],
                    "provider": "provider.github"
                },
                "github_repository.repo": {
                    "type": "github_repository",
                    "depends_on": [],
                    "primary": {
                        "id": "verify-self-service",
                        "attributes": {
                            "allow_merge_commit": "true",
                            "allow_rebase_merge": "false",
                            "allow_squash_merge": "false",
                            "archived": "false",
                            "default_branch": "master",
                            "description": "Verify self-service platform",
                            "etag": "W/\"12425641c0e02d6acacd843f1bacb809\"",
                            "full_name": "alphagov/verify-self-service",
                            "git_clone_url": "git://github.com/alphagov/verify-self-service.git",
                            "has_downloads": "false",
                            "has_issues": "true",
                            "has_wiki": "true",
                            "homepage_url": "",
                            "html_url": "https://github.com/alphagov/verify-self-service",
                            "http_clone_url": "https://github.com/alphagov/verify-self-service.git",
                            "id": "verify-self-service",
                            "name": "verify-self-service",
                            "private": "false",
                            "ssh_clone_url": "git@github.com:alphagov/verify-self-service.git",
                            "svn_url": "https://github.com/alphagov/verify-self-service",
                            "topics.#": "1",
                            "topics.2357015465": "verify"
                        },
                        "meta": {},
                        "tainted": false
                    },
                    "deposed": [],
                    "provider": "provider.github"
                },
                "github_team_repository.repo_team_push": {
                    "type": "github_team_repository",
                    "depends_on": [
                        "data.github_team.push_teams.*",
                        "github_repository.repo"
                    ],
                    "primary": {
                        "id": "2826122:verify-self-service",
                        "attributes": {
                            "etag": "W/\"d8952f38f26024c236ff366f9ec9231a\"",
                            "id": "2826122:verify-self-service",
                            "permission": "push",
                            "repository": "verify-self-service",
                            "team_id": "2826122"
                        },
                        "meta": {},
                        "tainted": false
                    },
                    "deposed": [],
                    "provider": "provider.github"
                }
            },
            "depends_on": []
        },
        {
            "path": [
                "root",
                "repo_verify_self_service_infrastructure"
            ],
            "outputs": {},
            "resources": {
                "github_branch_protection.repo_protect_master": {
                    "type": "github_branch_protection",
                    "depends_on": [
                        "github_repository.repo"
                    ],
                    "primary": {
                        "id": "verify-self-service-infrastructure:master",
                        "attributes": {
                            "branch": "master",
                            "enforce_admins": "false",
                            "etag": "W/\"165f8d85011fb189f0c9a45352ea9326\"",
                            "id": "verify-self-service-infrastructure:master",
                            "repository": "verify-self-service-infrastructure",
                            "required_pull_request_reviews.#": "1",
                            "required_pull_request_reviews.0.dismiss_stale_reviews": "true",
                            "required_pull_request_reviews.0.dismissal_teams.#": "0",
                            "required_pull_request_reviews.0.dismissal_users.#": "0",
                            "required_pull_request_reviews.0.include_admins": "false",
                            "required_pull_request_reviews.0.require_code_owner_reviews": "false",
                            "required_pull_request_reviews.0.required_approving_review_count": "2",
                            "required_status_checks.#": "0",
                            "restrictions.#": "0"
                        },
                        "meta": {},
                        "tainted": false
                    },
                    "deposed": [],
                    "provider": "provider.github"
                },
                "github_repository.repo": {
                    "type": "github_repository",
                    "depends_on": [],
                    "primary": {
                        "id": "verify-self-service-infrastructure",
                        "attributes": {
                            "allow_merge_commit": "true",
                            "allow_rebase_merge": "false",
                            "allow_squash_merge": "false",
                            "archived": "false",
                            "auto_init": "true",
                            "default_branch": "master",
                            "description": "Infrastructure and terraform files for Verify Self Service",
                            "etag": "W/\"b57855390f5dd4d7fc2cca882de39082\"",
                            "full_name": "alphagov/verify-self-service-infrastructure",
                            "git_clone_url": "git://github.com/alphagov/verify-self-service-infrastructure.git",
                            "has_downloads": "false",
                            "has_issues": "true",
                            "has_wiki": "true",
                            "homepage_url": "",
                            "html_url": "https://github.com/alphagov/verify-self-service-infrastructure",
                            "http_clone_url": "https://github.com/alphagov/verify-self-service-infrastructure.git",
                            "id": "verify-self-service-infrastructure",
                            "name": "verify-self-service-infrastructure",
                            "private": "true",
                            "ssh_clone_url": "git@github.com:alphagov/verify-self-service-infrastructure.git",
                            "svn_url": "https://github.com/alphagov/verify-self-service-infrastructure",
                            "topics.#": "0"
                        },
                        "meta": {},
                        "tainted": false
                    },
                    "deposed": [],
                    "provider": "provider.github"
                },
                "github_team_repository.repo_team_push": {
                    "type": "github_team_repository",
                    "depends_on": [
                        "github_repository.repo"
                    ],
                    "primary": {
                        "id": "2826122:verify-self-service-infrastructure",
                        "attributes": {
                            "etag": "W/\"d7701c59bb2b22c7d8290897282f15d9\"",
                            "id": "2826122:verify-self-service-infrastructure",
                            "permission": "push",
                            "repository": "verify-self-service-infrastructure",
                            "team_id": "2826122"
                        },
                        "meta": {},
                        "tainted": false
                    },
                    "deposed": [],
                    "provider": "provider.github"
                }
            },
            "depends_on": []
        },
        {
            "path": [
                "root",
                "repo_verify_service_provider"
            ],
            "outputs": {},
            "resources": {
                "github_branch_protection.repo_protect_master": {
                    "type": "github_branch_protection",
                    "depends_on": [],
                    "primary": {
                        "id": "verify-service-provider:master",
                        "attributes": {
                            "branch": "master",
                            "enforce_admins": "false",
                            "etag": "W/\"e8a9d22bd4cc9e02292c0520101aeb27\"",
                            "id": "verify-service-provider:master",
                            "repository": "verify-service-provider",
                            "required_pull_request_reviews.#": "1",
                            "required_pull_request_reviews.0.dismiss_stale_reviews": "true",
                            "required_pull_request_reviews.0.dismissal_teams.#": "0",
                            "required_pull_request_reviews.0.dismissal_users.#": "0",
                            "required_pull_request_reviews.0.include_admins": "false",
                            "required_pull_request_reviews.0.require_code_owner_reviews": "false",
                            "required_pull_request_reviews.0.required_approving_review_count": "2",
                            "required_status_checks.#": "0",
                            "restrictions.#": "0"
                        },
                        "meta": {},
                        "tainted": false
                    },
                    "deposed": [],
                    "provider": "provider.github"
                },
                "github_repository.repo": {
                    "type": "github_repository",
                    "depends_on": [],
                    "primary": {
                        "id": "verify-service-provider",
                        "attributes": {
                            "allow_merge_commit": "true",
                            "allow_rebase_merge": "false",
                            "allow_squash_merge": "false",
                            "archived": "false",
                            "auto_init": "true",
                            "default_branch": "master",
                            "description": ":crown: :ballot_box_with_check: The easiest way to connect to GOV.UK Verify",
                            "etag": "W/\"ff3b195b800d8e9edfd28a6970ebb709\"",
                            "full_name": "alphagov/verify-service-provider",
                            "git_clone_url": "git://github.com/alphagov/verify-service-provider.git",
                            "has_downloads": "false",
                            "has_issues": "true",
                            "has_wiki": "true",
                            "homepage_url": "",
                            "html_url": "https://github.com/alphagov/verify-service-provider",
                            "http_clone_url": "https://github.com/alphagov/verify-service-provider.git",
                            "id": "verify-service-provider",
                            "name": "verify-service-provider",
                            "private": "false",
                            "ssh_clone_url": "git@github.com:alphagov/verify-service-provider.git",
                            "svn_url": "https://github.com/alphagov/verify-service-provider",
                            "topics.#": "2",
                            "topics.2275409296": "dropwizard",
                            "topics.2357015465": "verify"
                        },
                        "meta": {},
                        "tainted": false
                    },
                    "deposed": [],
                    "provider": "provider.github"
                },
                "github_team_repository.repo_team_push": {
                    "type": "github_team_repository",
                    "depends_on": [
                        "data.github_team.push_teams.*",
                        "github_repository.repo"
                    ],
                    "primary": {
                        "id": "2826122:verify-service-provider",
                        "attributes": {
                            "etag": "W/\"d89d51d67317f24d302abbfdfa7e6fdd\"",
                            "id": "2826122:verify-service-provider",
                            "permission": "push",
                            "repository": "verify-service-provider",
                            "team_id": "2826122"
                        },
                        "meta": {},
                        "tainted": false
                    },
                    "deposed": [],
                    "provider": "provider.github"
                }
            },
            "depends_on": []
        },
        {
            "path": [
                "root",
                "repo_verify_stub_idp"
            ],
            "outputs": {},
            "resources": {
                "github_branch_protection.repo_protect_master": {
                    "type": "github_branch_protection",
                    "depends_on": [],
                    "primary": {
                        "id": "verify-stub-idp:master",
                        "attributes": {
                            "branch": "master",
                            "enforce_admins": "false",
                            "etag": "W/\"4f75b91b4617f3284ed6259e235ce77c\"",
                            "id": "verify-stub-idp:master",
                            "repository": "verify-stub-idp",
                            "required_pull_request_reviews.#": "1",
                            "required_pull_request_reviews.0.dismiss_stale_reviews": "true",
                            "required_pull_request_reviews.0.dismissal_teams.#": "0",
                            "required_pull_request_reviews.0.dismissal_users.#": "0",
                            "required_pull_request_reviews.0.include_admins": "false",
                            "required_pull_request_reviews.0.require_code_owner_reviews": "false",
                            "required_pull_request_reviews.0.required_approving_review_count": "2",
                            "required_status_checks.#": "0",
                            "restrictions.#": "0"
                        },
                        "meta": {},
                        "tainted": false
                    },
                    "deposed": [],
                    "provider": "provider.github"
                },
                "github_repository.repo": {
                    "type": "github_repository",
                    "depends_on": [],
                    "primary": {
                        "id": "verify-stub-idp",
                        "attributes": {
                            "allow_merge_commit": "true",
                            "allow_rebase_merge": "false",
                            "allow_squash_merge": "false",
                            "archived": "false",
                            "auto_init": "true",
                            "default_branch": "master",
                            "description": "Stub Identity Provider and Stub eIDAS Proxy Service Node used for testing GOV.UK Verify",
                            "etag": "W/\"fd7a128ae44ceb8499121049eb32c0d6\"",
                            "full_name": "alphagov/verify-stub-idp",
                            "git_clone_url": "git://github.com/alphagov/verify-stub-idp.git",
                            "has_downloads": "false",
                            "has_issues": "true",
                            "has_wiki": "true",
                            "homepage_url": "",
                            "html_url": "https://github.com/alphagov/verify-stub-idp",
                            "http_clone_url": "https://github.com/alphagov/verify-stub-idp.git",
                            "id": "verify-stub-idp",
                            "name": "verify-stub-idp",
                            "private": "false",
                            "ssh_clone_url": "git@github.com:alphagov/verify-stub-idp.git",
                            "svn_url": "https://github.com/alphagov/verify-stub-idp",
                            "topics.#": "4",
                            "topics.2357015465": "verify",
                            "topics.3061879995": "idp",
                            "topics.687280243": "stub",
                            "topics.898705444": "eidas"
                        },
                        "meta": {},
                        "tainted": false
                    },
                    "deposed": [],
                    "provider": "provider.github"
                },
                "github_team_repository.repo_team_push": {
                    "type": "github_team_repository",
                    "depends_on": [
                        "data.github_team.teams.*",
                        "github_repository.repo"
                    ],
                    "primary": {
                        "id": "2826122:verify-stub-idp",
                        "attributes": {
                            "etag": "W/\"7c0f4a294184193d9b4b0c42204e152a\"",
                            "id": "2826122:verify-stub-idp",
                            "permission": "push",
                            "repository": "verify-stub-idp",
                            "team_id": "2826122"
                        },
                        "meta": {},
                        "tainted": false
                    },
                    "deposed": [],
                    "provider": "provider.github"
                }
            },
            "depends_on": []
        },
        {
            "path": [
                "root",
                "repo_verify_stub_idp_federation_config"
            ],
            "outputs": {},
            "resources": {
                "github_branch_protection.repo_protect_master": {
                    "type": "github_branch_protection",
                    "depends_on": [
                        "github_repository.repo"
                    ],
                    "primary": {
                        "id": "verify-stub-idp-federation-config:master",
                        "attributes": {
                            "branch": "master",
                            "enforce_admins": "false",
                            "etag": "W/\"6a4d05af387e232bc1b4583b1b2656d9\"",
                            "id": "verify-stub-idp-federation-config:master",
                            "repository": "verify-stub-idp-federation-config",
                            "required_pull_request_reviews.#": "1",
                            "required_pull_request_reviews.0.dismiss_stale_reviews": "true",
                            "required_pull_request_reviews.0.dismissal_teams.#": "0",
                            "required_pull_request_reviews.0.dismissal_users.#": "0",
                            "required_pull_request_reviews.0.include_admins": "false",
                            "required_pull_request_reviews.0.require_code_owner_reviews": "false",
                            "required_pull_request_reviews.0.required_approving_review_count": "2",
                            "required_status_checks.#": "0",
                            "restrictions.#": "0"
                        },
                        "meta": {},
                        "tainted": false
                    },
                    "deposed": [],
                    "provider": "provider.github"
                },
                "github_repository.repo": {
                    "type": "github_repository",
                    "depends_on": [],
                    "primary": {
                        "id": "verify-stub-idp-federation-config",
                        "attributes": {
                            "allow_merge_commit": "true",
                            "allow_rebase_merge": "false",
                            "allow_squash_merge": "false",
                            "archived": "false",
                            "auto_init": "true",
                            "default_branch": "master",
                            "description": "Federation config for verify-stub-idp",
                            "etag": "W/\"a510fd25cec1cd2d888a0f9656123b7f\"",
                            "full_name": "alphagov/verify-stub-idp-federation-config",
                            "git_clone_url": "git://github.com/alphagov/verify-stub-idp-federation-config.git",
                            "has_downloads": "false",
                            "has_issues": "true",
                            "has_wiki": "true",
                            "homepage_url": "",
                            "html_url": "https://github.com/alphagov/verify-stub-idp-federation-config",
                            "http_clone_url": "https://github.com/alphagov/verify-stub-idp-federation-config.git",
                            "id": "verify-stub-idp-federation-config",
                            "name": "verify-stub-idp-federation-config",
                            "private": "true",
                            "ssh_clone_url": "git@github.com:alphagov/verify-stub-idp-federation-config.git",
                            "svn_url": "https://github.com/alphagov/verify-stub-idp-federation-config",
                            "topics.#": "1",
                            "topics.2357015465": "verify"
                        },
                        "meta": {},
                        "tainted": false
                    },
                    "deposed": [],
                    "provider": "provider.github"
                },
                "github_team_repository.repo_team_push": {
                    "type": "github_team_repository",
                    "depends_on": [
                        "data.github_team.teams.*",
                        "github_repository.repo"
                    ],
                    "primary": {
                        "id": "2826122:verify-stub-idp-federation-config",
                        "attributes": {
                            "etag": "W/\"d201ff0d6f51a3a9298b8a2f40f4758f\"",
                            "id": "2826122:verify-stub-idp-federation-config",
                            "permission": "push",
                            "repository": "verify-stub-idp-federation-config",
                            "team_id": "2826122"
                        },
                        "meta": {},
                        "tainted": false
                    },
                    "deposed": [],
                    "provider": "provider.github"
                }
            },
            "depends_on": []
        },
        {
            "path": [
                "root",
                "repo_verify_support_form"
            ],
            "outputs": {},
            "resources": {
                "github_branch_protection.repo_protect_master": {
                    "type": "github_branch_protection",
                    "depends_on": [],
                    "primary": {
                        "id": "verify-support-form:master",
                        "attributes": {
                            "branch": "master",
                            "enforce_admins": "false",
                            "etag": "W/\"e58dae2a4d92ae26ab20e2e460b4ff8e\"",
                            "id": "verify-support-form:master",
                            "repository": "verify-support-form",
                            "required_pull_request_reviews.#": "1",
                            "required_pull_request_reviews.0.dismiss_stale_reviews": "true",
                            "required_pull_request_reviews.0.dismissal_teams.#": "0",
                            "required_pull_request_reviews.0.dismissal_users.#": "0",
                            "required_pull_request_reviews.0.include_admins": "false",
                            "required_pull_request_reviews.0.require_code_owner_reviews": "false",
                            "required_pull_request_reviews.0.required_approving_review_count": "2",
                            "required_status_checks.#": "0",
                            "restrictions.#": "0"
                        },
                        "meta": {},
                        "tainted": false
                    },
                    "deposed": [],
                    "provider": "provider.github"
                },
                "github_repository.repo": {
                    "type": "github_repository",
                    "depends_on": [],
                    "primary": {
                        "id": "verify-support-form",
                        "attributes": {
                            "allow_merge_commit": "true",
                            "allow_rebase_merge": "false",
                            "allow_squash_merge": "false",
                            "archived": "false",
                            "auto_init": "true",
                            "default_branch": "master",
                            "description": "Verify support form",
                            "etag": "W/\"963fe56d9bf0c37090af47dea283363d\"",
                            "full_name": "alphagov/verify-support-form",
                            "git_clone_url": "git://github.com/alphagov/verify-support-form.git",
                            "has_downloads": "false",
                            "has_issues": "true",
                            "has_wiki": "true",
                            "homepage_url": "",
                            "html_url": "https://github.com/alphagov/verify-support-form",
                            "http_clone_url": "https://github.com/alphagov/verify-support-form.git",
                            "id": "verify-support-form",
                            "name": "verify-support-form",
                            "private": "false",
                            "ssh_clone_url": "git@github.com:alphagov/verify-support-form.git",
                            "svn_url": "https://github.com/alphagov/verify-support-form",
                            "topics.#": "1",
                            "topics.2357015465": "verify"
                        },
                        "meta": {},
                        "tainted": false
                    },
                    "deposed": [],
                    "provider": "provider.github"
                },
                "github_team_repository.repo_team_push": {
                    "type": "github_team_repository",
                    "depends_on": [
                        "data.github_team.push_teams.*",
                        "github_repository.repo"
                    ],
                    "primary": {
                        "id": "2826122:verify-support-form",
                        "attributes": {
                            "etag": "W/\"31933666c2c3e001638bca310b7c5e89\"",
                            "id": "2826122:verify-support-form",
                            "permission": "push",
                            "repository": "verify-support-form",
                            "team_id": "2826122"
                        },
                        "meta": {},
                        "tainted": false
                    },
                    "deposed": [],
                    "provider": "provider.github"
                }
            },
            "depends_on": []
        },
        {
            "path": [
                "root",
                "repo_verify_team_manual"
            ],
            "outputs": {},
            "resources": {
                "github_branch_protection.repo_protect_master": {
                    "type": "github_branch_protection",
                    "depends_on": [],
                    "primary": {
                        "id": "verify-team-manual:master",
                        "attributes": {
                            "branch": "master",
                            "enforce_admins": "false",
                            "etag": "W/\"41f21db0162f62311a905974dd0bb4ee\"",
                            "id": "verify-team-manual:master",
                            "repository": "verify-team-manual",
                            "required_pull_request_reviews.#": "1",
                            "required_pull_request_reviews.0.dismiss_stale_reviews": "true",
                            "required_pull_request_reviews.0.dismissal_teams.#": "0",
                            "required_pull_request_reviews.0.dismissal_users.#": "0",
                            "required_pull_request_reviews.0.include_admins": "false",
                            "required_pull_request_reviews.0.require_code_owner_reviews": "false",
                            "required_pull_request_reviews.0.required_approving_review_count": "2",
                            "required_status_checks.#": "0",
                            "restrictions.#": "0"
                        },
                        "meta": {},
                        "tainted": false
                    },
                    "deposed": [],
                    "provider": "provider.github"
                },
                "github_repository.repo": {
                    "type": "github_repository",
                    "depends_on": [],
                    "primary": {
                        "id": "verify-team-manual",
                        "attributes": {
                            "allow_merge_commit": "true",
                            "allow_rebase_merge": "false",
                            "allow_squash_merge": "false",
                            "archived": "false",
                            "auto_init": "true",
                            "default_branch": "master",
                            "description": "",
                            "etag": "W/\"1ebeaca7d337a5443035f5ee46fa1491\"",
                            "full_name": "alphagov/verify-team-manual",
                            "git_clone_url": "git://github.com/alphagov/verify-team-manual.git",
                            "has_downloads": "false",
                            "has_issues": "true",
                            "has_wiki": "true",
                            "homepage_url": "",
                            "html_url": "https://github.com/alphagov/verify-team-manual",
                            "http_clone_url": "https://github.com/alphagov/verify-team-manual.git",
                            "id": "verify-team-manual",
                            "name": "verify-team-manual",
                            "private": "true",
                            "ssh_clone_url": "git@github.com:alphagov/verify-team-manual.git",
                            "svn_url": "https://github.com/alphagov/verify-team-manual",
                            "topics.#": "1",
                            "topics.2357015465": "verify"
                        },
                        "meta": {},
                        "tainted": false
                    },
                    "deposed": [],
                    "provider": "provider.github"
                },
                "github_team_repository.repo_team_push.0": {
                    "type": "github_team_repository",
                    "depends_on": [
                        "data.github_team.push_teams.*",
                        "github_repository.repo"
                    ],
                    "primary": {
                        "id": "2826122:verify-team-manual",
                        "attributes": {
                            "etag": "W/\"e6163307e291a0f14660642d0f13d527\"",
                            "id": "2826122:verify-team-manual",
                            "permission": "push",
                            "repository": "verify-team-manual",
                            "team_id": "2826122"
                        },
                        "meta": {},
                        "tainted": false
                    },
                    "deposed": [],
                    "provider": "provider.github"
                },
                "github_team_repository.repo_team_push.1": {
                    "type": "github_team_repository",
                    "depends_on": [
                        "data.github_team.push_teams.*",
                        "github_repository.repo"
                    ],
                    "primary": {
                        "id": "2826127:verify-team-manual",
                        "attributes": {
                            "etag": "W/\"e6163307e291a0f14660642d0f13d527\"",
                            "id": "2826127:verify-team-manual",
                            "permission": "push",
                            "repository": "verify-team-manual",
                            "team_id": "2826127"
                        },
                        "meta": {},
                        "tainted": false
                    },
                    "deposed": [],
                    "provider": "provider.github"
                }
            },
            "depends_on": []
        },
        {
            "path": [
                "root",
                "repo_verify_tech_team"
            ],
            "outputs": {},
            "resources": {
                "github_branch_protection.repo_protect_master": {
                    "type": "github_branch_protection",
                    "depends_on": [],
                    "primary": {
                        "id": "verify-tech-team:master",
                        "attributes": {
                            "branch": "master",
                            "enforce_admins": "false",
                            "etag": "W/\"7584477a894517267f0aa6bc9e618125\"",
                            "id": "verify-tech-team:master",
                            "repository": "verify-tech-team",
                            "required_pull_request_reviews.#": "1",
                            "required_pull_request_reviews.0.dismiss_stale_reviews": "true",
                            "required_pull_request_reviews.0.dismissal_teams.#": "0",
                            "required_pull_request_reviews.0.dismissal_users.#": "0",
                            "required_pull_request_reviews.0.include_admins": "false",
                            "required_pull_request_reviews.0.require_code_owner_reviews": "false",
                            "required_pull_request_reviews.0.required_approving_review_count": "2",
                            "required_status_checks.#": "0",
                            "restrictions.#": "0"
                        },
                        "meta": {},
                        "tainted": false
                    },
                    "deposed": [],
                    "provider": "provider.github"
                },
                "github_repository.repo": {
                    "type": "github_repository",
                    "depends_on": [],
                    "primary": {
                        "id": "verify-tech-team",
                        "attributes": {
                            "allow_merge_commit": "true",
                            "allow_rebase_merge": "false",
                            "allow_squash_merge": "false",
                            "archived": "false",
                            "auto_init": "true",
                            "default_branch": "master",
                            "description": "Data about Verify team members",
                            "etag": "W/\"b2547ccd787cf15fdf5148302dffad11\"",
                            "full_name": "alphagov/verify-tech-team",
                            "git_clone_url": "git://github.com/alphagov/verify-tech-team.git",
                            "has_downloads": "false",
                            "has_issues": "true",
                            "has_wiki": "true",
                            "homepage_url": "",
                            "html_url": "https://github.com/alphagov/verify-tech-team",
                            "http_clone_url": "https://github.com/alphagov/verify-tech-team.git",
                            "id": "verify-tech-team",
                            "name": "verify-tech-team",
                            "private": "true",
                            "ssh_clone_url": "git@github.com:alphagov/verify-tech-team.git",
                            "svn_url": "https://github.com/alphagov/verify-tech-team",
                            "topics.#": "1",
                            "topics.2357015465": "verify"
                        },
                        "meta": {},
                        "tainted": false
                    },
                    "deposed": [],
                    "provider": "provider.github"
                },
                "github_team_repository.repo_team_push": {
                    "type": "github_team_repository",
                    "depends_on": [
                        "data.github_team.push_teams.*",
                        "github_repository.repo"
                    ],
                    "primary": {
                        "id": "2826122:verify-tech-team",
                        "attributes": {
                            "etag": "W/\"4b928c39185dfe566ee48feb7ac47f9c\"",
                            "id": "2826122:verify-tech-team",
                            "permission": "push",
                            "repository": "verify-tech-team",
                            "team_id": "2826122"
                        },
                        "meta": {},
                        "tainted": false
                    },
                    "deposed": [],
                    "provider": "provider.github"
                }
            },
            "depends_on": []
        },
        {
            "path": [
                "root",
                "repo_verify_terraform"
            ],
            "outputs": {},
            "resources": {
                "github_branch_protection.repo_protect_master": {
                    "type": "github_branch_protection",
                    "depends_on": [],
                    "primary": {
                        "id": "verify-terraform:master",
                        "attributes": {
                            "branch": "master",
                            "enforce_admins": "false",
                            "etag": "W/\"c0bf511ea6b99a168aa16dc2ddad84c1\"",
                            "id": "verify-terraform:master",
                            "repository": "verify-terraform",
                            "required_pull_request_reviews.#": "1",
                            "required_pull_request_reviews.0.dismiss_stale_reviews": "true",
                            "required_pull_request_reviews.0.dismissal_teams.#": "0",
                            "required_pull_request_reviews.0.dismissal_users.#": "0",
                            "required_pull_request_reviews.0.include_admins": "false",
                            "required_pull_request_reviews.0.require_code_owner_reviews": "false",
                            "required_pull_request_reviews.0.required_approving_review_count": "2",
                            "required_status_checks.#": "0",
                            "restrictions.#": "0"
                        },
                        "meta": {},
                        "tainted": false
                    },
                    "deposed": [],
                    "provider": "provider.github"
                },
                "github_repository.repo": {
                    "type": "github_repository",
                    "depends_on": [],
                    "primary": {
                        "id": "verify-terraform",
                        "attributes": {
                            "allow_merge_commit": "true",
                            "allow_rebase_merge": "false",
                            "allow_squash_merge": "false",
                            "archived": "false",
                            "auto_init": "true",
                            "default_branch": "master",
                            "description": "Terraform code for GOV.UK Verify infrastructure",
                            "etag": "W/\"b502aa7523ca7e5b172a69a4df68162e\"",
                            "full_name": "alphagov/verify-terraform",
                            "git_clone_url": "git://github.com/alphagov/verify-terraform.git",
                            "has_downloads": "false",
                            "has_issues": "true",
                            "has_wiki": "true",
                            "homepage_url": "",
                            "html_url": "https://github.com/alphagov/verify-terraform",
                            "http_clone_url": "https://github.com/alphagov/verify-terraform.git",
                            "id": "verify-terraform",
                            "name": "verify-terraform",
                            "private": "true",
                            "ssh_clone_url": "git@github.com:alphagov/verify-terraform.git",
                            "svn_url": "https://github.com/alphagov/verify-terraform",
                            "topics.#": "1",
                            "topics.2357015465": "verify"
                        },
                        "meta": {},
                        "tainted": false
                    },
                    "deposed": [],
                    "provider": "provider.github"
                },
                "github_team_repository.repo_team_push.0": {
                    "type": "github_team_repository",
                    "depends_on": [
                        "data.github_team.push_teams.*",
                        "github_repository.repo"
                    ],
                    "primary": {
                        "id": "2826122:verify-terraform",
                        "attributes": {
                            "etag": "W/\"677be937e37da9328c210918b1f893b0\"",
                            "id": "2826122:verify-terraform",
                            "permission": "push",
                            "repository": "verify-terraform",
                            "team_id": "2826122"
                        },
                        "meta": {},
                        "tainted": false
                    },
                    "deposed": [],
                    "provider": "provider.github"
                },
                "github_team_repository.repo_team_push.1": {
                    "type": "github_team_repository",
                    "depends_on": [
                        "data.github_team.push_teams.*",
                        "github_repository.repo"
                    ],
                    "primary": {
                        "id": "2826127:verify-terraform",
                        "attributes": {
                            "etag": "W/\"677be937e37da9328c210918b1f893b0\"",
                            "id": "2826127:verify-terraform",
                            "permission": "push",
                            "repository": "verify-terraform",
                            "team_id": "2826127"
                        },
                        "meta": {},
                        "tainted": false
                    },
                    "deposed": [],
                    "provider": "provider.github"
                }
            },
            "depends_on": []
        },
        {
            "path": [
                "root",
                "repo_verify_test_repo"
            ],
            "outputs": {},
            "resources": {
                "github_branch_protection.repo_protect_master": {
                    "type": "github_branch_protection",
                    "depends_on": [],
                    "primary": {
                        "id": "verify-test-repo:master",
                        "attributes": {
                            "branch": "master",
                            "enforce_admins": "false",
                            "etag": "W/\"679c48842dafe18934386d697c410cca\"",
                            "id": "verify-test-repo:master",
                            "repository": "verify-test-repo",
                            "required_pull_request_reviews.#": "1",
                            "required_pull_request_reviews.0.dismiss_stale_reviews": "true",
                            "required_pull_request_reviews.0.dismissal_teams.#": "0",
                            "required_pull_request_reviews.0.dismissal_users.#": "0",
                            "required_pull_request_reviews.0.include_admins": "false",
                            "required_pull_request_reviews.0.require_code_owner_reviews": "false",
                            "required_pull_request_reviews.0.required_approving_review_count": "2",
                            "required_status_checks.#": "0",
                            "restrictions.#": "0"
                        },
                        "meta": {},
                        "tainted": false
                    },
                    "deposed": [],
                    "provider": "provider.github"
                },
                "github_repository.repo": {
                    "type": "github_repository",
                    "depends_on": [],
                    "primary": {
                        "id": "verify-test-repo",
                        "attributes": {
                            "allow_merge_commit": "true",
                            "allow_rebase_merge": "false",
                            "allow_squash_merge": "false",
                            "archived": "false",
                            "auto_init": "true",
                            "default_branch": "master",
                            "description": "Test repo",
                            "etag": "W/\"e5a303f2a76641a578860cbe67ab398e\"",
                            "full_name": "alphagov/verify-test-repo",
                            "git_clone_url": "git://github.com/alphagov/verify-test-repo.git",
                            "has_downloads": "false",
                            "has_issues": "true",
                            "has_wiki": "true",
                            "homepage_url": "",
                            "html_url": "https://github.com/alphagov/verify-test-repo",
                            "http_clone_url": "https://github.com/alphagov/verify-test-repo.git",
                            "id": "verify-test-repo",
                            "name": "verify-test-repo",
                            "private": "false",
                            "ssh_clone_url": "git@github.com:alphagov/verify-test-repo.git",
                            "svn_url": "https://github.com/alphagov/verify-test-repo",
                            "topics.#": "0"
                        },
                        "meta": {},
                        "tainted": false
                    },
                    "deposed": [],
                    "provider": "provider.github"
                },
                "github_team_repository.repo_team_push": {
                    "type": "github_team_repository",
                    "depends_on": [
                        "data.github_team.teams.*",
                        "github_repository.repo"
                    ],
                    "primary": {
                        "id": "2826122:verify-test-repo",
                        "attributes": {
                            "etag": "W/\"37c22a6968ae806127aeb6146d5bbd52\"",
                            "id": "2826122:verify-test-repo",
                            "permission": "push",
                            "repository": "verify-test-repo",
                            "team_id": "2826122"
                        },
                        "meta": {},
                        "tainted": false
                    },
                    "deposed": [],
                    "provider": "provider.github"
                }
            },
            "depends_on": []
        },
        {
            "path": [
                "root",
                "repo_verify_test_rp"
            ],
            "outputs": {},
            "resources": {
                "github_branch_protection.repo_protect_master": {
                    "type": "github_branch_protection",
                    "depends_on": [],
                    "primary": {
                        "id": "verify-test-rp:master",
                        "attributes": {
                            "branch": "master",
                            "enforce_admins": "false",
                            "etag": "W/\"cd83a85fab139a7e33d3a2c894e9fe06\"",
                            "id": "verify-test-rp:master",
                            "repository": "verify-test-rp",
                            "required_pull_request_reviews.#": "1",
                            "required_pull_request_reviews.0.dismiss_stale_reviews": "true",
                            "required_pull_request_reviews.0.dismissal_teams.#": "0",
                            "required_pull_request_reviews.0.dismissal_users.#": "0",
                            "required_pull_request_reviews.0.include_admins": "false",
                            "required_pull_request_reviews.0.require_code_owner_reviews": "false",
                            "required_pull_request_reviews.0.required_approving_review_count": "2",
                            "required_status_checks.#": "0",
                            "restrictions.#": "0"
                        },
                        "meta": {},
                        "tainted": false
                    },
                    "deposed": [],
                    "provider": "provider.github"
                },
                "github_repository.repo": {
                    "type": "github_repository",
                    "depends_on": [],
                    "primary": {
                        "id": "verify-test-rp",
                        "attributes": {
                            "allow_merge_commit": "true",
                            "allow_rebase_merge": "false",
                            "allow_squash_merge": "false",
                            "archived": "false",
                            "auto_init": "true",
                            "default_branch": "master",
                            "description": "Verify Test Relying Party",
                            "etag": "W/\"4ae4ae929c662ed37580affdea95233f\"",
                            "full_name": "alphagov/verify-test-rp",
                            "git_clone_url": "git://github.com/alphagov/verify-test-rp.git",
                            "has_downloads": "false",
                            "has_issues": "true",
                            "has_wiki": "true",
                            "homepage_url": "",
                            "html_url": "https://github.com/alphagov/verify-test-rp",
                            "http_clone_url": "https://github.com/alphagov/verify-test-rp.git",
                            "id": "verify-test-rp",
                            "name": "verify-test-rp",
                            "private": "false",
                            "ssh_clone_url": "git@github.com:alphagov/verify-test-rp.git",
                            "svn_url": "https://github.com/alphagov/verify-test-rp",
                            "topics.#": "3",
                            "topics.1785148924": "test",
                            "topics.2357015465": "verify",
                            "topics.3725491923": "relying-party"
                        },
                        "meta": {},
                        "tainted": false
                    },
                    "deposed": [],
                    "provider": "provider.github"
                },
                "github_team_repository.repo_team_push": {
                    "type": "github_team_repository",
                    "depends_on": [
                        "data.github_team.teams.*",
                        "github_repository.repo"
                    ],
                    "primary": {
                        "id": "2826122:verify-test-rp",
                        "attributes": {
                            "etag": "W/\"46f2b536e5d11ccb52f3c4b814456d7c\"",
                            "id": "2826122:verify-test-rp",
                            "permission": "push",
                            "repository": "verify-test-rp",
                            "team_id": "2826122"
                        },
                        "meta": {},
                        "tainted": false
                    },
                    "deposed": [],
                    "provider": "provider.github"
                }
            },
            "depends_on": []
        },
        {
            "path": [
                "root",
                "repo_verify_token_service"
            ],
            "outputs": {},
            "resources": {
                "github_branch_protection.repo_protect_master": {
                    "type": "github_branch_protection",
                    "depends_on": [],
                    "primary": {
                        "id": "verify-token-service:master",
                        "attributes": {
                            "branch": "master",
                            "enforce_admins": "false",
                            "etag": "W/\"0f6a7dcb2d74f3f8184b0e70667f507a\"",
                            "id": "verify-token-service:master",
                            "repository": "verify-token-service",
                            "required_pull_request_reviews.#": "1",
                            "required_pull_request_reviews.0.dismiss_stale_reviews": "true",
                            "required_pull_request_reviews.0.dismissal_teams.#": "0",
                            "required_pull_request_reviews.0.dismissal_users.#": "0",
                            "required_pull_request_reviews.0.include_admins": "false",
                            "required_pull_request_reviews.0.require_code_owner_reviews": "false",
                            "required_pull_request_reviews.0.required_approving_review_count": "2",
                            "required_status_checks.#": "0",
                            "restrictions.#": "0"
                        },
                        "meta": {},
                        "tainted": false
                    },
                    "deposed": [],
                    "provider": "provider.github"
                },
                "github_repository.repo": {
                    "type": "github_repository",
                    "depends_on": [],
                    "primary": {
                        "id": "verify-token-service",
                        "attributes": {
                            "allow_merge_commit": "true",
                            "allow_rebase_merge": "false",
                            "allow_squash_merge": "false",
                            "archived": "true",
                            "auto_init": "true",
                            "default_branch": "master",
                            "description": "Verify Token Service",
                            "etag": "W/\"728f7489c61a898268b254b83740e3d7\"",
                            "full_name": "alphagov/verify-token-service",
                            "git_clone_url": "git://github.com/alphagov/verify-token-service.git",
                            "has_downloads": "false",
                            "has_issues": "true",
                            "has_wiki": "true",
                            "homepage_url": "",
                            "html_url": "https://github.com/alphagov/verify-token-service",
                            "http_clone_url": "https://github.com/alphagov/verify-token-service.git",
                            "id": "verify-token-service",
                            "name": "verify-token-service",
                            "private": "true",
                            "ssh_clone_url": "git@github.com:alphagov/verify-token-service.git",
                            "svn_url": "https://github.com/alphagov/verify-token-service",
                            "topics.#": "1",
                            "topics.2357015465": "verify"
                        },
                        "meta": {},
                        "tainted": false
                    },
                    "deposed": [],
                    "provider": "provider.github"
                },
                "github_team_repository.repo_team_push": {
                    "type": "github_team_repository",
                    "depends_on": [
                        "data.github_team.teams.*",
                        "github_repository.repo"
                    ],
                    "primary": {
                        "id": "2826122:verify-token-service",
                        "attributes": {
                            "etag": "W/\"75fde079b5691f94411f091639040dfc\"",
                            "id": "2826122:verify-token-service",
                            "permission": "pull",
                            "repository": "verify-token-service",
                            "team_id": "2826122"
                        },
                        "meta": {},
                        "tainted": false
                    },
                    "deposed": [],
                    "provider": "provider.github"
                }
            },
            "depends_on": []
        },
        {
            "path": [
                "root",
                "repo_verify_utils_libs"
            ],
            "outputs": {},
            "resources": {
                "github_branch_protection.repo_protect_master": {
                    "type": "github_branch_protection",
                    "depends_on": [],
                    "primary": {
                        "id": "verify-utils-libs:master",
                        "attributes": {
                            "branch": "master",
                            "enforce_admins": "false",
                            "etag": "W/\"ac64127fd7687b41e2ec925e147f5349\"",
                            "id": "verify-utils-libs:master",
                            "repository": "verify-utils-libs",
                            "required_pull_request_reviews.#": "1",
                            "required_pull_request_reviews.0.dismiss_stale_reviews": "true",
                            "required_pull_request_reviews.0.dismissal_teams.#": "0",
                            "required_pull_request_reviews.0.dismissal_users.#": "0",
                            "required_pull_request_reviews.0.include_admins": "false",
                            "required_pull_request_reviews.0.require_code_owner_reviews": "false",
                            "required_pull_request_reviews.0.required_approving_review_count": "2",
                            "required_status_checks.#": "0",
                            "restrictions.#": "0"
                        },
                        "meta": {},
                        "tainted": false
                    },
                    "deposed": [],
                    "provider": "provider.github"
                },
                "github_repository.repo": {
                    "type": "github_repository",
                    "depends_on": [],
                    "primary": {
                        "id": "verify-utils-libs",
                        "attributes": {
                            "allow_merge_commit": "true",
                            "allow_rebase_merge": "false",
                            "allow_squash_merge": "false",
                            "archived": "false",
                            "auto_init": "true",
                            "default_branch": "master",
                            "description": "Libraries used across multiple Verify projects",
                            "etag": "W/\"fc1ead19599c389d9e41cb168de7452e\"",
                            "full_name": "alphagov/verify-utils-libs",
                            "git_clone_url": "git://github.com/alphagov/verify-utils-libs.git",
                            "has_downloads": "false",
                            "has_issues": "true",
                            "has_wiki": "true",
                            "homepage_url": "",
                            "html_url": "https://github.com/alphagov/verify-utils-libs",
                            "http_clone_url": "https://github.com/alphagov/verify-utils-libs.git",
                            "id": "verify-utils-libs",
                            "name": "verify-utils-libs",
                            "private": "false",
                            "ssh_clone_url": "git@github.com:alphagov/verify-utils-libs.git",
                            "svn_url": "https://github.com/alphagov/verify-utils-libs",
                            "topics.#": "1",
                            "topics.2357015465": "verify"
                        },
                        "meta": {},
                        "tainted": false
                    },
                    "deposed": [],
                    "provider": "provider.github"
                },
                "github_team_repository.repo_team_push": {
                    "type": "github_team_repository",
                    "depends_on": [
                        "data.github_team.teams.*",
                        "github_repository.repo"
                    ],
                    "primary": {
                        "id": "2826122:verify-utils-libs",
                        "attributes": {
                            "etag": "W/\"85659201d6069599bca6f9b806228830\"",
                            "id": "2826122:verify-utils-libs",
                            "permission": "push",
                            "repository": "verify-utils-libs",
                            "team_id": "2826122"
                        },
                        "meta": {},
                        "tainted": false
                    },
                    "deposed": [],
                    "provider": "provider.github"
                }
            },
            "depends_on": []
        }
    ]
}
