{
    "version": 3,
    "terraform_version": "0.11.13",
    "serial": 240,
    "lineage": "e05ac5fe-9a52-a058-fa84-c98012a6fa07",
    "modules": [
        {
            "path": [
                "root"
            ],
            "outputs": {},
            "resources": {
                "data.github_team.core": {
                    "type": "github_team",
                    "depends_on": [],
                    "primary": {
                        "id": "2826122",
                        "attributes": {
                            "description": "Verify tech team: verify-tech-team-core",
                            "id": "2826122",
                            "members.#": "30",
                            "members.0": "idrop",
                            "members.1": "46bit",
                            "members.10": "Todai88",
                            "members.11": "robinmitra",
                            "members.12": "brenetic",
                            "members.13": "nacnudus",
                            "members.14": "CharlesIC",
                            "members.15": "jkunle",
                            "members.16": "sakisv",
                            "members.17": "Rosa-Fox",
                            "members.18": "AnneCarr",
                            "members.19": "ida-build-bot",
                            "members.2": "galund",
                            "members.20": "chrisclayson",
                            "members.21": "blairboy362",
                            "members.22": "Wynndow",
                            "members.23": "andy-paine",
                            "members.24": "tomrosier",
                            "members.25": "bjgill",
                            "members.26": "RacingHippo",
                            "members.27": "bravegrape",
                            "members.28": "mhussein-gds",
                            "members.29": "adityapahuja",
                            "members.3": "issyl0",
                            "members.4": "philandstuff",
                            "members.5": "chrisholmes",
                            "members.6": "thomasalanlee",
                            "members.7": "tlwr",
                            "members.8": "kerrr",
                            "members.9": "zilnhoj",
                            "name": "verify-tech-team-core",
                            "permission": "pull",
                            "privacy": "closed",
                            "slug": "verify-tech-team-core"
                        },
                        "meta": {},
                        "tainted": false
                    },
                    "deposed": [],
                    "provider": "provider.github"
                },
                "data.github_team.eidas": {
                    "type": "github_team",
                    "depends_on": [],
                    "primary": {
                        "id": "2826126",
                        "attributes": {
                            "description": "Verify tech team: verify-tech-team-eidas",
                            "id": "2826126",
                            "members.#": "13",
                            "members.0": "idrop",
                            "members.1": "chrisholmes",
                            "members.10": "dbes-gds",
                            "members.11": "JohnWattsGDS",
                            "members.12": "ida-codacy-bot",
                            "members.2": "thomasalanlee",
                            "members.3": "CharlesIC",
                            "members.4": "ida-build-bot",
                            "members.5": "blairboy362",
                            "members.6": "Wynndow",
                            "members.7": "tomrosier",
                            "members.8": "benjamin-mortimer",
                            "members.9": "JHjava",
                            "name": "verify-tech-team-eidas",
                            "permission": "pull",
                            "privacy": "closed",
                            "slug": "verify-tech-team-eidas"
                        },
                        "meta": {},
                        "tainted": false
                    },
                    "deposed": [],
                    "provider": "provider.github"
                },
                "data.github_team.infrastructure": {
                    "type": "github_team",
                    "depends_on": [],
                    "primary": {
                        "id": "2826127",
                        "attributes": {
                            "description": "Verify tech team: verify-tech-team-infrastructure",
                            "id": "2826127",
                            "members.#": "18",
                            "members.0": "46bit",
                            "members.1": "issyl0",
                            "members.10": "blairboy362",
                            "members.11": "andy-paine",
                            "members.12": "jstandring-gds",
                            "members.13": "adityapahuja",
                            "members.14": "rhowe-gds",
                            "members.15": "matthewcullum-gds",
                            "members.16": "szd55gds",
                            "members.17": "rbonenettitude",
                            "members.2": "philandstuff",
                            "members.3": "chrisholmes",
                            "members.4": "thomasalanlee",
                            "members.5": "mmhmm",
                            "members.6": "tlwr",
                            "members.7": "sakisv",
                            "members.8": "stephengrier",
                            "members.9": "smford",
                            "name": "verify-tech-team-infrastructure",
                            "permission": "pull",
                            "privacy": "closed",
                            "slug": "verify-tech-team-infrastructure"
                        },
                        "meta": {},
                        "tainted": false
                    },
                    "deposed": [],
                    "provider": "provider.github"
                }
            },
            "depends_on": []
        },
        {
            "path": [
                "root",
                "repo_dcs_client"
            ],
            "outputs": {},
            "resources": {
                "github_branch_protection.repo_protect_master": {
                    "type": "github_branch_protection",
                    "depends_on": [],
                    "primary": {
                        "id": "dcs-client:master",
                        "attributes": {
                            "branch": "master",
                            "enforce_admins": "false",
                            "etag": "W/\"aac033655b0f82db5df15e6554a50eb5\"",
                            "id": "dcs-client:master",
                            "repository": "dcs-client",
                            "required_pull_request_reviews.#": "1",
                            "required_pull_request_reviews.0.dismiss_stale_reviews": "true",
                            "required_pull_request_reviews.0.dismissal_teams.#": "0",
                            "required_pull_request_reviews.0.dismissal_users.#": "0",
                            "required_pull_request_reviews.0.include_admins": "false",
                            "required_pull_request_reviews.0.require_code_owner_reviews": "false",
                            "required_pull_request_reviews.0.required_approving_review_count": "2",
                            "required_status_checks.#": "0",
                            "restrictions.#": "0"
                        },
                        "meta": {},
                        "tainted": false
                    },
                    "deposed": [],
                    "provider": "provider.github"
                },
                "github_repository.repo": {
                    "type": "github_repository",
                    "depends_on": [],
                    "primary": {
                        "id": "dcs-client",
                        "attributes": {
                            "allow_merge_commit": "true",
                            "allow_rebase_merge": "false",
                            "allow_squash_merge": "false",
                            "archived": "false",
                            "auto_init": "true",
                            "default_branch": "master",
                            "description": "A client for the Document Checking Service",
                            "etag": "W/\"48de5c8226b4244ec194da97d3bc2caa\"",
                            "full_name": "alphagov/dcs-client",
                            "git_clone_url": "git://github.com/alphagov/dcs-client.git",
                            "has_downloads": "false",
                            "has_issues": "true",
                            "has_wiki": "true",
                            "homepage_url": "",
                            "html_url": "https://github.com/alphagov/dcs-client",
                            "http_clone_url": "https://github.com/alphagov/dcs-client.git",
                            "id": "dcs-client",
                            "name": "dcs-client",
                            "private": "false",
                            "ssh_clone_url": "git@github.com:alphagov/dcs-client.git",
                            "svn_url": "https://github.com/alphagov/dcs-client",
                            "topics.#": "2",
                            "topics.1787300128": "dcs",
                            "topics.2357015465": "verify"
                        },
                        "meta": {},
                        "tainted": false
                    },
                    "deposed": [],
                    "provider": "provider.github"
                },
                "github_team_repository.repo_team_push": {
                    "type": "github_team_repository",
                    "depends_on": [
                        "data.github_team.push_teams.*",
                        "github_repository.repo"
                    ],
                    "primary": {
                        "id": "2826122:dcs-client",
                        "attributes": {
                            "etag": "W/\"2b1d550824f85183aadc9dce14e14b21\"",
                            "id": "2826122:dcs-client",
                            "permission": "push",
                            "repository": "dcs-client",
                            "team_id": "2826122"
                        },
                        "meta": {},
                        "tainted": false
                    },
                    "deposed": [],
                    "provider": "provider.github"
                }
            },
            "depends_on": []
        },
        {
            "path": [
                "root",
                "repo_dcs_client_acceptance_tests"
            ],
            "outputs": {},
            "resources": {
                "github_branch_protection.repo_protect_master": {
                    "type": "github_branch_protection",
                    "depends_on": [],
                    "primary": {
                        "id": "dcs-client-acceptance-tests:master",
                        "attributes": {
                            "branch": "master",
                            "enforce_admins": "false",
                            "etag": "W/\"2e5509631233172490f7f0ddf5c6d670\"",
                            "id": "dcs-client-acceptance-tests:master",
                            "repository": "dcs-client-acceptance-tests",
                            "required_pull_request_reviews.#": "1",
                            "required_pull_request_reviews.0.dismiss_stale_reviews": "true",
                            "required_pull_request_reviews.0.dismissal_teams.#": "0",
                            "required_pull_request_reviews.0.dismissal_users.#": "0",
                            "required_pull_request_reviews.0.include_admins": "false",
                            "required_pull_request_reviews.0.require_code_owner_reviews": "false",
                            "required_pull_request_reviews.0.required_approving_review_count": "2",
                            "required_status_checks.#": "0",
                            "restrictions.#": "0"
                        },
                        "meta": {},
                        "tainted": false
                    },
                    "deposed": [],
                    "provider": "provider.github"
                },
                "github_repository.repo": {
                    "type": "github_repository",
                    "depends_on": [],
                    "primary": {
                        "id": "dcs-client-acceptance-tests",
                        "attributes": {
                            "allow_merge_commit": "true",
                            "allow_rebase_merge": "false",
                            "allow_squash_merge": "false",
                            "archived": "false",
                            "auto_init": "true",
                            "default_branch": "master",
                            "description": "Acceptance tests for the DCS client - https://github.com/alphagov/dcs-client",
                            "etag": "W/\"288322a7d072e0a96a66303ecf28a41c\"",
                            "full_name": "alphagov/dcs-client-acceptance-tests",
                            "git_clone_url": "git://github.com/alphagov/dcs-client-acceptance-tests.git",
                            "has_downloads": "false",
                            "has_issues": "true",
                            "has_wiki": "true",
                            "homepage_url": "",
                            "html_url": "https://github.com/alphagov/dcs-client-acceptance-tests",
                            "http_clone_url": "https://github.com/alphagov/dcs-client-acceptance-tests.git",
                            "id": "dcs-client-acceptance-tests",
                            "name": "dcs-client-acceptance-tests",
                            "private": "true",
                            "ssh_clone_url": "git@github.com:alphagov/dcs-client-acceptance-tests.git",
                            "svn_url": "https://github.com/alphagov/dcs-client-acceptance-tests",
                            "topics.#": "1",
                            "topics.2357015465": "verify"
                        },
                        "meta": {},
                        "tainted": false
                    },
                    "deposed": [],
                    "provider": "provider.github"
                },
                "github_team_repository.repo_team_push": {
                    "type": "github_team_repository",
                    "depends_on": [
                        "data.github_team.push_teams.*",
                        "github_repository.repo"
                    ],
                    "primary": {
                        "id": "2826122:dcs-client-acceptance-tests",
                        "attributes": {
                            "etag": "W/\"7ac57528715e3a5f2f763f9ad268534c\"",
                            "id": "2826122:dcs-client-acceptance-tests",
                            "permission": "push",
                            "repository": "dcs-client-acceptance-tests",
                            "team_id": "2826122"
                        },
                        "meta": {},
                        "tainted": false
                    },
                    "deposed": [],
                    "provider": "provider.github"
                }
            },
            "depends_on": []
        },
        {
            "path": [
                "root",
                "repo_dcs_performance_tests"
            ],
            "outputs": {},
            "resources": {
                "github_branch_protection.repo_protect_master": {
                    "type": "github_branch_protection",
                    "depends_on": [],
                    "primary": {
                        "id": "dcs-performance-tests:master",
                        "attributes": {
                            "branch": "master",
                            "enforce_admins": "false",
                            "etag": "W/\"5e670f3fb184cab7a8be004278a86415\"",
                            "id": "dcs-performance-tests:master",
                            "repository": "dcs-performance-tests",
                            "required_pull_request_reviews.#": "1",
                            "required_pull_request_reviews.0.dismiss_stale_reviews": "true",
                            "required_pull_request_reviews.0.dismissal_teams.#": "0",
                            "required_pull_request_reviews.0.dismissal_users.#": "0",
                            "required_pull_request_reviews.0.include_admins": "false",
                            "required_pull_request_reviews.0.require_code_owner_reviews": "false",
                            "required_pull_request_reviews.0.required_approving_review_count": "2",
                            "required_status_checks.#": "0",
                            "restrictions.#": "0"
                        },
                        "meta": {},
                        "tainted": false
                    },
                    "deposed": [],
                    "provider": "provider.github"
                },
                "github_repository.repo": {
                    "type": "github_repository",
                    "depends_on": [],
                    "primary": {
                        "id": "dcs-performance-tests",
                        "attributes": {
                            "allow_merge_commit": "true",
                            "allow_rebase_merge": "false",
                            "allow_squash_merge": "false",
                            "archived": "false",
                            "auto_init": "true",
                            "default_branch": "master",
                            "description": "Verify DCS Performance Tests",
                            "etag": "W/\"a566550d5ea898c043ee78df74550e1a\"",
                            "full_name": "alphagov/dcs-performance-tests",
                            "git_clone_url": "git://github.com/alphagov/dcs-performance-tests.git",
                            "has_downloads": "false",
                            "has_issues": "true",
                            "has_wiki": "true",
                            "homepage_url": "",
                            "html_url": "https://github.com/alphagov/dcs-performance-tests",
                            "http_clone_url": "https://github.com/alphagov/dcs-performance-tests.git",
                            "id": "dcs-performance-tests",
                            "name": "dcs-performance-tests",
                            "private": "true",
                            "ssh_clone_url": "git@github.com:alphagov/dcs-performance-tests.git",
                            "svn_url": "https://github.com/alphagov/dcs-performance-tests",
                            "topics.#": "1",
                            "topics.2357015465": "verify"
                        },
                        "meta": {},
                        "tainted": false
                    },
                    "deposed": [],
                    "provider": "provider.github"
                },
                "github_team_repository.repo_team_push": {
                    "type": "github_team_repository",
                    "depends_on": [
                        "data.github_team.push_teams.*",
                        "github_repository.repo"
                    ],
                    "primary": {
                        "id": "2826122:dcs-performance-tests",
                        "attributes": {
                            "etag": "W/\"9150ff9b176d88cebc42bb64cbc1ecfe\"",
                            "id": "2826122:dcs-performance-tests",
                            "permission": "push",
                            "repository": "dcs-performance-tests",
                            "team_id": "2826122"
                        },
                        "meta": {},
                        "tainted": false
                    },
                    "deposed": [],
                    "provider": "provider.github"
                }
            },
            "depends_on": []
        },
        {
            "path": [
                "root",
                "repo_doc_checking"
            ],
            "outputs": {},
            "resources": {
                "github_branch_protection.repo_protect_master": {
                    "type": "github_branch_protection",
                    "depends_on": [],
                    "primary": {
                        "id": "doc-checking:master",
                        "attributes": {
                            "branch": "master",
                            "enforce_admins": "false",
                            "etag": "W/\"f7ca4205856541c7a6d1de16b01cfa19\"",
                            "id": "doc-checking:master",
                            "repository": "doc-checking",
                            "required_pull_request_reviews.#": "1",
                            "required_pull_request_reviews.0.dismiss_stale_reviews": "true",
                            "required_pull_request_reviews.0.dismissal_teams.#": "0",
                            "required_pull_request_reviews.0.dismissal_users.#": "0",
                            "required_pull_request_reviews.0.include_admins": "false",
                            "required_pull_request_reviews.0.require_code_owner_reviews": "false",
                            "required_pull_request_reviews.0.required_approving_review_count": "2",
                            "required_status_checks.#": "0",
                            "restrictions.#": "0"
                        },
                        "meta": {},
                        "tainted": false
                    },
                    "deposed": [],
                    "provider": "provider.github"
                },
                "github_repository.repo": {
                    "type": "github_repository",
                    "depends_on": [],
                    "primary": {
                        "id": "doc-checking",
                        "attributes": {
                            "allow_merge_commit": "true",
                            "allow_rebase_merge": "false",
                            "allow_squash_merge": "false",
                            "archived": "false",
                            "auto_init": "true",
                            "default_branch": "master",
                            "description": "Verify Document Checking Service",
                            "etag": "W/\"50834a19c67059e7a16a907ba8ee17a1\"",
                            "full_name": "alphagov/doc-checking",
                            "git_clone_url": "git://github.com/alphagov/doc-checking.git",
                            "has_downloads": "false",
                            "has_issues": "true",
                            "has_wiki": "true",
                            "homepage_url": "",
                            "html_url": "https://github.com/alphagov/doc-checking",
                            "http_clone_url": "https://github.com/alphagov/doc-checking.git",
                            "id": "doc-checking",
                            "name": "doc-checking",
                            "private": "true",
                            "ssh_clone_url": "git@github.com:alphagov/doc-checking.git",
                            "svn_url": "https://github.com/alphagov/doc-checking",
                            "topics.#": "1",
                            "topics.2357015465": "verify"
                        },
                        "meta": {},
                        "tainted": false
                    },
                    "deposed": [],
                    "provider": "provider.github"
                },
                "github_team_repository.repo_team_push": {
                    "type": "github_team_repository",
                    "depends_on": [
                        "data.github_team.push_teams.*",
                        "github_repository.repo"
                    ],
                    "primary": {
                        "id": "2826122:doc-checking",
                        "attributes": {
                            "etag": "W/\"2ec291b8e9ada178d3905f3b5521bd0c\"",
                            "id": "2826122:doc-checking",
                            "permission": "push",
                            "repository": "doc-checking",
                            "team_id": "2826122"
                        },
                        "meta": {},
                        "tainted": false
                    },
                    "deposed": [],
                    "provider": "provider.github"
                }
            },
            "depends_on": []
        },
        {
            "path": [
                "root",
                "repo_ida_compliance_tool"
            ],
            "outputs": {},
            "resources": {
                "github_branch_protection.repo_protect_master": {
                    "type": "github_branch_protection",
                    "depends_on": [
                        "github_repository.repo"
                    ],
                    "primary": {
                        "id": "ida-compliance-tool:master",
                        "attributes": {
                            "branch": "master",
                            "enforce_admins": "false",
                            "etag": "W/\"7880d83ac6fb27fb37a9db99feb92a93\"",
                            "id": "ida-compliance-tool:master",
                            "repository": "ida-compliance-tool",
                            "required_pull_request_reviews.#": "1",
                            "required_pull_request_reviews.0.dismiss_stale_reviews": "true",
                            "required_pull_request_reviews.0.dismissal_teams.#": "0",
                            "required_pull_request_reviews.0.dismissal_users.#": "0",
                            "required_pull_request_reviews.0.include_admins": "false",
                            "required_pull_request_reviews.0.require_code_owner_reviews": "false",
                            "required_pull_request_reviews.0.required_approving_review_count": "2",
                            "required_status_checks.#": "0",
                            "restrictions.#": "0"
                        },
                        "meta": {},
                        "tainted": false
                    },
                    "deposed": [],
                    "provider": "provider.github"
                },
                "github_repository.repo": {
                    "type": "github_repository",
                    "depends_on": [],
                    "primary": {
                        "id": "ida-compliance-tool",
                        "attributes": {
                            "allow_merge_commit": "true",
                            "allow_rebase_merge": "false",
                            "allow_squash_merge": "false",
                            "archived": "false",
                            "auto_init": "true",
                            "default_branch": "master",
                            "description": "Verify Compliance Tool (temporary)",
                            "etag": "W/\"a9ee4ac368c34b7fb6291761c57fe874\"",
                            "full_name": "alphagov/ida-compliance-tool",
                            "git_clone_url": "git://github.com/alphagov/ida-compliance-tool.git",
                            "has_downloads": "false",
                            "has_issues": "true",
                            "has_wiki": "true",
                            "homepage_url": "",
                            "html_url": "https://github.com/alphagov/ida-compliance-tool",
                            "http_clone_url": "https://github.com/alphagov/ida-compliance-tool.git",
                            "id": "ida-compliance-tool",
                            "name": "ida-compliance-tool",
                            "private": "true",
                            "ssh_clone_url": "git@github.com:alphagov/ida-compliance-tool.git",
                            "svn_url": "https://github.com/alphagov/ida-compliance-tool",
                            "topics.#": "1",
                            "topics.2357015465": "verify"
                        },
                        "meta": {},
                        "tainted": false
                    },
                    "deposed": [],
                    "provider": "provider.github"
                },
                "github_team_repository.repo_team_push": {
                    "type": "github_team_repository",
                    "depends_on": [
                        "data.github_team.teams.*",
                        "github_repository.repo"
                    ],
                    "primary": {
                        "id": "2826122:ida-compliance-tool",
                        "attributes": {
                            "etag": "W/\"b3f40203a1aa77ff58c76f61e80a5b25\"",
                            "id": "2826122:ida-compliance-tool",
                            "permission": "push",
                            "repository": "ida-compliance-tool",
                            "team_id": "2826122"
                        },
                        "meta": {},
                        "tainted": false
                    },
                    "deposed": [],
                    "provider": "provider.github"
                }
            },
            "depends_on": []
        },
        {
            "path": [
                "root",
                "repo_ida_hub_acceptance_tests"
            ],
            "outputs": {},
            "resources": {
                "github_branch_protection.repo_protect_master": {
                    "type": "github_branch_protection",
                    "depends_on": [
                        "github_repository.repo"
                    ],
                    "primary": {
                        "id": "ida-hub-acceptance-tests:master",
                        "attributes": {
                            "branch": "master",
                            "enforce_admins": "false",
                            "etag": "W/\"cdfd0fb2d77b8d6bff4a3bf2d426ba14\"",
                            "id": "ida-hub-acceptance-tests:master",
                            "repository": "ida-hub-acceptance-tests",
                            "required_pull_request_reviews.#": "1",
                            "required_pull_request_reviews.0.dismiss_stale_reviews": "true",
                            "required_pull_request_reviews.0.dismissal_teams.#": "0",
                            "required_pull_request_reviews.0.dismissal_users.#": "0",
                            "required_pull_request_reviews.0.include_admins": "false",
                            "required_pull_request_reviews.0.require_code_owner_reviews": "false",
                            "required_pull_request_reviews.0.required_approving_review_count": "2",
                            "required_status_checks.#": "0",
                            "restrictions.#": "0"
                        },
                        "meta": {},
                        "tainted": false
                    },
                    "deposed": [],
                    "provider": "provider.github"
                },
                "github_repository.repo": {
                    "type": "github_repository",
                    "depends_on": [],
                    "primary": {
                        "id": "ida-hub-acceptance-tests",
                        "attributes": {
                            "allow_merge_commit": "true",
                            "allow_rebase_merge": "false",
                            "allow_squash_merge": "false",
                            "archived": "false",
                            "auto_init": "true",
                            "default_branch": "master",
                            "description": "Verify Hub acceptance tests (temporary)",
                            "etag": "W/\"27703f6a109ddf2474ceb786cc6a4a33\"",
                            "full_name": "alphagov/ida-hub-acceptance-tests",
                            "git_clone_url": "git://github.com/alphagov/ida-hub-acceptance-tests.git",
                            "has_downloads": "false",
                            "has_issues": "true",
                            "has_wiki": "true",
                            "homepage_url": "",
                            "html_url": "https://github.com/alphagov/ida-hub-acceptance-tests",
                            "http_clone_url": "https://github.com/alphagov/ida-hub-acceptance-tests.git",
                            "id": "ida-hub-acceptance-tests",
                            "name": "ida-hub-acceptance-tests",
                            "private": "true",
                            "ssh_clone_url": "git@github.com:alphagov/ida-hub-acceptance-tests.git",
                            "svn_url": "https://github.com/alphagov/ida-hub-acceptance-tests",
                            "topics.#": "1",
                            "topics.2357015465": "verify"
                        },
                        "meta": {},
                        "tainted": false
                    },
                    "deposed": [],
                    "provider": "provider.github"
                },
                "github_team_repository.repo_team_push": {
                    "type": "github_team_repository",
                    "depends_on": [
                        "data.github_team.teams.*",
                        "github_repository.repo"
                    ],
                    "primary": {
                        "id": "2826122:ida-hub-acceptance-tests",
                        "attributes": {
                            "etag": "W/\"71ff64d6168a9ba8178bbae2148fb19d\"",
                            "id": "2826122:ida-hub-acceptance-tests",
                            "permission": "push",
                            "repository": "ida-hub-acceptance-tests",
                            "team_id": "2826122"
                        },
                        "meta": {},
                        "tainted": false
                    },
                    "deposed": [],
                    "provider": "provider.github"
                }
            },
            "depends_on": []
        },
        {
            "path": [
                "root",
                "repo_ida_hub_support"
            ],
            "outputs": {},
            "resources": {
                "github_branch_protection.repo_protect_master": {
                    "type": "github_branch_protection",
                    "depends_on": [],
                    "primary": {
                        "id": "ida-hub-support:master",
                        "attributes": {
                            "branch": "master",
                            "enforce_admins": "false",
                            "etag": "W/\"f8ca078d8ef2f322a49dd3880adf38dc\"",
                            "id": "ida-hub-support:master",
                            "repository": "ida-hub-support",
                            "required_pull_request_reviews.#": "1",
                            "required_pull_request_reviews.0.dismiss_stale_reviews": "true",
                            "required_pull_request_reviews.0.dismissal_teams.#": "0",
                            "required_pull_request_reviews.0.dismissal_users.#": "0",
                            "required_pull_request_reviews.0.include_admins": "false",
                            "required_pull_request_reviews.0.require_code_owner_reviews": "false",
                            "required_pull_request_reviews.0.required_approving_review_count": "2",
                            "required_status_checks.#": "0",
                            "restrictions.#": "0"
                        },
                        "meta": {},
                        "tainted": false
                    },
                    "deposed": [],
                    "provider": "provider.github"
                },
                "github_repository.repo": {
                    "type": "github_repository",
                    "depends_on": [],
                    "primary": {
                        "id": "ida-hub-support",
                        "attributes": {
                            "allow_merge_commit": "true",
                            "allow_rebase_merge": "false",
                            "allow_squash_merge": "false",
                            "archived": "true",
                            "auto_init": "true",
                            "default_branch": "master",
                            "description": "Verify Hub Support services (temporary)",
                            "etag": "W/\"42abd77770a98ffea396bae81699ad8f\"",
                            "full_name": "alphagov/ida-hub-support",
                            "git_clone_url": "git://github.com/alphagov/ida-hub-support.git",
                            "has_downloads": "false",
                            "has_issues": "true",
                            "has_wiki": "true",
                            "homepage_url": "",
                            "html_url": "https://github.com/alphagov/ida-hub-support",
                            "http_clone_url": "https://github.com/alphagov/ida-hub-support.git",
                            "id": "ida-hub-support",
                            "name": "ida-hub-support",
                            "private": "true",
                            "ssh_clone_url": "git@github.com:alphagov/ida-hub-support.git",
                            "svn_url": "https://github.com/alphagov/ida-hub-support",
                            "topics.#": "1",
                            "topics.2357015465": "verify"
                        },
                        "meta": {},
                        "tainted": false
                    },
                    "deposed": [],
                    "provider": "provider.github"
                },
                "github_team_repository.repo_team_push": {
                    "type": "github_team_repository",
                    "depends_on": [
                        "data.github_team.teams.*",
                        "github_repository.repo"
                    ],
                    "primary": {
                        "id": "2826122:ida-hub-support",
                        "attributes": {
                            "etag": "W/\"6b67e72ca08458db8a74e2028a4b4e19\"",
                            "id": "2826122:ida-hub-support",
                            "permission": "pull",
                            "repository": "ida-hub-support",
                            "team_id": "2826122"
                        },
                        "meta": {},
                        "tainted": false
                    },
                    "deposed": [],
                    "provider": "provider.github"
                }
            },
            "depends_on": []
        },
        {
            "path": [
                "root",
                "repo_metadata_checker"
            ],
            "outputs": {},
            "resources": {
                "github_branch_protection.repo_protect_master": {
                    "type": "github_branch_protection",
                    "depends_on": [
                        "github_repository.repo"
                    ],
                    "primary": {
                        "id": "metadata-checker:master",
                        "attributes": {
                            "branch": "master",
                            "enforce_admins": "false",
                            "etag": "W/\"8317e889bdaf9a47704c46078f6f12ad\"",
                            "id": "metadata-checker:master",
                            "repository": "metadata-checker",
                            "required_pull_request_reviews.#": "1",
                            "required_pull_request_reviews.0.dismiss_stale_reviews": "true",
                            "required_pull_request_reviews.0.dismissal_teams.#": "0",
                            "required_pull_request_reviews.0.dismissal_users.#": "0",
                            "required_pull_request_reviews.0.include_admins": "false",
                            "required_pull_request_reviews.0.require_code_owner_reviews": "false",
                            "required_pull_request_reviews.0.required_approving_review_count": "2",
                            "required_status_checks.#": "0",
                            "restrictions.#": "0"
                        },
                        "meta": {},
                        "tainted": false
                    },
                    "deposed": [],
                    "provider": "provider.github"
                },
                "github_repository.repo": {
                    "type": "github_repository",
                    "depends_on": [],
                    "primary": {
                        "id": "metadata-checker",
                        "attributes": {
                            "allow_merge_commit": "true",
                            "allow_rebase_merge": "false",
                            "allow_squash_merge": "false",
                            "archived": "false",
                            "default_branch": "master",
                            "description": "Tools for parsing and monitoring SAML metadata",
                            "etag": "W/\"0e71b5a85c6a4ca71b1d54b3805f6a28\"",
                            "full_name": "alphagov/metadata-checker",
                            "git_clone_url": "git://github.com/alphagov/metadata-checker.git",
                            "has_downloads": "false",
                            "has_issues": "true",
                            "has_wiki": "true",
                            "homepage_url": "",
                            "html_url": "https://github.com/alphagov/metadata-checker",
                            "http_clone_url": "https://github.com/alphagov/metadata-checker.git",
                            "id": "metadata-checker",
                            "name": "metadata-checker",
                            "private": "false",
                            "ssh_clone_url": "git@github.com:alphagov/metadata-checker.git",
                            "svn_url": "https://github.com/alphagov/metadata-checker",
                            "topics.#": "1",
                            "topics.2357015465": "verify"
                        },
                        "meta": {},
                        "tainted": false
                    },
                    "deposed": [],
                    "provider": "provider.github"
                },
                "github_team_repository.repo_team_push.0": {
                    "type": "github_team_repository",
                    "depends_on": [
                        "data.github_team.push_teams.*",
                        "github_repository.repo"
                    ],
                    "primary": {
                        "id": "2826122:metadata-checker",
                        "attributes": {
                            "etag": "W/\"d1c2d393c9a23033fe985967944b2c8c\"",
                            "id": "2826122:metadata-checker",
                            "permission": "push",
                            "repository": "metadata-checker",
                            "team_id": "2826122"
                        },
                        "meta": {},
                        "tainted": false
                    },
                    "deposed": [],
                    "provider": "provider.github"
                },
                "github_team_repository.repo_team_push.1": {
                    "type": "github_team_repository",
                    "depends_on": [
                        "data.github_team.push_teams.*",
                        "github_repository.repo"
                    ],
                    "primary": {
                        "id": "2826127:metadata-checker",
                        "attributes": {
                            "etag": "W/\"d1c2d393c9a23033fe985967944b2c8c\"",
                            "id": "2826127:metadata-checker",
                            "permission": "push",
                            "repository": "metadata-checker",
                            "team_id": "2826127"
                        },
                        "meta": {},
                        "tainted": false
                    },
                    "deposed": [],
                    "provider": "provider.github"
                }
            },
            "depends_on": []
        },
        {
            "path": [
                "root",
                "repo_passport_verify"
            ],
            "outputs": {},
            "resources": {
                "github_branch_protection.repo_protect_master": {
                    "type": "github_branch_protection",
                    "depends_on": [],
                    "primary": {
                        "id": "passport-verify:master",
                        "attributes": {
                            "branch": "master",
                            "enforce_admins": "false",
                            "etag": "W/\"d2fc17f05b3a95f4aa7dd73ab9d34609\"",
                            "id": "passport-verify:master",
                            "repository": "passport-verify",
                            "required_pull_request_reviews.#": "1",
                            "required_pull_request_reviews.0.dismiss_stale_reviews": "true",
                            "required_pull_request_reviews.0.dismissal_teams.#": "0",
                            "required_pull_request_reviews.0.dismissal_users.#": "0",
                            "required_pull_request_reviews.0.include_admins": "false",
                            "required_pull_request_reviews.0.require_code_owner_reviews": "false",
                            "required_pull_request_reviews.0.required_approving_review_count": "2",
                            "required_status_checks.#": "0",
                            "restrictions.#": "0"
                        },
                        "meta": {},
                        "tainted": false
                    },
                    "deposed": [],
                    "provider": "provider.github"
                },
                "github_repository.repo": {
                    "type": "github_repository",
                    "depends_on": [],
                    "primary": {
                        "id": "passport-verify",
                        "attributes": {
                            "allow_merge_commit": "true",
                            "allow_rebase_merge": "false",
                            "allow_squash_merge": "false",
                            "archived": "false",
                            "auto_init": "true",
                            "default_branch": "master",
                            "description": ":passport_control: :crown: :ballot_box_with_check: A passport.js strategy for GOV.UK Verify",
                            "etag": "W/\"7ee2e4ee25ab516d59905e4bdb52dd4f\"",
                            "full_name": "alphagov/passport-verify",
                            "git_clone_url": "git://github.com/alphagov/passport-verify.git",
                            "has_downloads": "false",
                            "has_issues": "true",
                            "has_wiki": "true",
                            "homepage_url": "",
                            "html_url": "https://github.com/alphagov/passport-verify",
                            "http_clone_url": "https://github.com/alphagov/passport-verify.git",
                            "id": "passport-verify",
                            "name": "passport-verify",
                            "private": "false",
                            "ssh_clone_url": "git@github.com:alphagov/passport-verify.git",
                            "svn_url": "https://github.com/alphagov/passport-verify",
                            "topics.#": "1",
                            "topics.2357015465": "verify"
                        },
                        "meta": {},
                        "tainted": false
                    },
                    "deposed": [],
                    "provider": "provider.github"
                },
                "github_team_repository.repo_team_push": {
                    "type": "github_team_repository",
                    "depends_on": [
                        "data.github_team.push_teams.*",
                        "github_repository.repo"
                    ],
                    "primary": {
                        "id": "2826122:passport-verify",
                        "attributes": {
                            "etag": "W/\"49a0349cf6df6a600ac8b71e3bba3dea\"",
                            "id": "2826122:passport-verify",
                            "permission": "push",
                            "repository": "passport-verify",
                            "team_id": "2826122"
                        },
                        "meta": {},
                        "tainted": false
                    },
                    "deposed": [],
                    "provider": "provider.github"
                }
            },
            "depends_on": []
        },
        {
            "path": [
                "root",
                "repo_passport_verify_stub_relying_party"
            ],
            "outputs": {},
            "resources": {
                "github_branch_protection.repo_protect_master": {
                    "type": "github_branch_protection",
                    "depends_on": [],
                    "primary": {
                        "id": "passport-verify-stub-relying-party:master",
                        "attributes": {
                            "branch": "master",
                            "enforce_admins": "false",
                            "etag": "W/\"c5801c0784d39125c37f75f835c61190\"",
                            "id": "passport-verify-stub-relying-party:master",
                            "repository": "passport-verify-stub-relying-party",
                            "required_pull_request_reviews.#": "1",
                            "required_pull_request_reviews.0.dismiss_stale_reviews": "true",
                            "required_pull_request_reviews.0.dismissal_teams.#": "0",
                            "required_pull_request_reviews.0.dismissal_users.#": "0",
                            "required_pull_request_reviews.0.include_admins": "false",
                            "required_pull_request_reviews.0.require_code_owner_reviews": "false",
                            "required_pull_request_reviews.0.required_approving_review_count": "2",
                            "required_status_checks.#": "0",
                            "restrictions.#": "0"
                        },
                        "meta": {},
                        "tainted": false
                    },
                    "deposed": [],
                    "provider": "provider.github"
                },
                "github_repository.repo": {
                    "type": "github_repository",
                    "depends_on": [],
                    "primary": {
                        "id": "passport-verify-stub-relying-party",
                        "attributes": {
                            "allow_merge_commit": "true",
                            "allow_rebase_merge": "false",
                            "allow_squash_merge": "false",
                            "archived": "false",
                            "auto_init": "true",
                            "default_branch": "master",
                            "description": "Stub Relying party that integrates with Verify using the passport-verify library",
                            "etag": "W/\"bbf69670cc3e9c5a5f527316a3fbf1c9\"",
                            "full_name": "alphagov/passport-verify-stub-relying-party",
                            "git_clone_url": "git://github.com/alphagov/passport-verify-stub-relying-party.git",
                            "has_downloads": "false",
                            "has_issues": "true",
                            "has_wiki": "true",
                            "homepage_url": "",
                            "html_url": "https://github.com/alphagov/passport-verify-stub-relying-party",
                            "http_clone_url": "https://github.com/alphagov/passport-verify-stub-relying-party.git",
                            "id": "passport-verify-stub-relying-party",
                            "name": "passport-verify-stub-relying-party",
                            "private": "false",
                            "ssh_clone_url": "git@github.com:alphagov/passport-verify-stub-relying-party.git",
                            "svn_url": "https://github.com/alphagov/passport-verify-stub-relying-party",
                            "topics.#": "1",
                            "topics.2357015465": "verify"
                        },
                        "meta": {},
                        "tainted": false
                    },
                    "deposed": [],
                    "provider": "provider.github"
                },
                "github_team_repository.repo_team_push": {
                    "type": "github_team_repository",
                    "depends_on": [
                        "data.github_team.push_teams.*",
                        "github_repository.repo"
                    ],
                    "primary": {
                        "id": "2826122:passport-verify-stub-relying-party",
                        "attributes": {
                            "etag": "W/\"8bc186782b87ee37f42280129dd77916\"",
                            "id": "2826122:passport-verify-stub-relying-party",
                            "permission": "push",
                            "repository": "passport-verify-stub-relying-party",
                            "team_id": "2826122"
                        },
                        "meta": {},
                        "tainted": false
                    },
                    "deposed": [],
                    "provider": "provider.github"
                }
            },
            "depends_on": []
        },
        {
            "path": [
                "root",
                "repo_verify_acceptance_tests"
            ],
            "outputs": {},
            "resources": {
                "github_branch_protection.repo_protect_master": {
                    "type": "github_branch_protection",
                    "depends_on": [
                        "github_repository.repo"
                    ],
                    "primary": {
                        "id": "verify-acceptance-tests:master",
                        "attributes": {
                            "branch": "master",
                            "enforce_admins": "false",
                            "etag": "W/\"ddc983fc73d965861e7e3f60200f0e60\"",
                            "id": "verify-acceptance-tests:master",
                            "repository": "verify-acceptance-tests",
                            "required_pull_request_reviews.#": "1",
                            "required_pull_request_reviews.0.dismiss_stale_reviews": "true",
                            "required_pull_request_reviews.0.dismissal_teams.#": "0",
                            "required_pull_request_reviews.0.dismissal_users.#": "0",
                            "required_pull_request_reviews.0.include_admins": "false",
                            "required_pull_request_reviews.0.require_code_owner_reviews": "false",
                            "required_pull_request_reviews.0.required_approving_review_count": "2",
                            "required_status_checks.#": "0",
                            "restrictions.#": "0"
                        },
                        "meta": {},
                        "tainted": false
                    },
                    "deposed": [],
                    "provider": "provider.github"
                },
                "github_repository.repo": {
                    "type": "github_repository",
                    "depends_on": [],
                    "primary": {
                        "id": "verify-acceptance-tests",
                        "attributes": {
                            "allow_merge_commit": "true",
                            "allow_rebase_merge": "false",
                            "allow_squash_merge": "false",
                            "archived": "false",
                            "auto_init": "true",
                            "default_branch": "master",
                            "description": "End-to-end tests for the Verify Hub",
                            "etag": "W/\"840b1f35b17b3e8080de2b11300cda5a\"",
                            "full_name": "alphagov/verify-acceptance-tests",
                            "git_clone_url": "git://github.com/alphagov/verify-acceptance-tests.git",
                            "has_downloads": "false",
                            "has_issues": "true",
                            "has_wiki": "true",
                            "homepage_url": "",
                            "html_url": "https://github.com/alphagov/verify-acceptance-tests",
                            "http_clone_url": "https://github.com/alphagov/verify-acceptance-tests.git",
                            "id": "verify-acceptance-tests",
                            "name": "verify-acceptance-tests",
                            "private": "false",
                            "ssh_clone_url": "git@github.com:alphagov/verify-acceptance-tests.git",
                            "svn_url": "https://github.com/alphagov/verify-acceptance-tests",
                            "topics.#": "1",
                            "topics.2357015465": "verify"
                        },
                        "meta": {},
                        "tainted": false
                    },
                    "deposed": [],
                    "provider": "provider.github"
                },
                "github_team_repository.repo_team_push": {
                    "type": "github_team_repository",
                    "depends_on": [
                        "data.github_team.teams.*",
                        "github_repository.repo"
                    ],
                    "primary": {
                        "id": "2826122:verify-acceptance-tests",
                        "attributes": {
                            "etag": "W/\"54ae2bd1a7366199b881a404a74f9f4a\"",
                            "id": "2826122:verify-acceptance-tests",
                            "permission": "push",
                            "repository": "verify-acceptance-tests",
                            "team_id": "2826122"
                        },
                        "meta": {},
                        "tainted": false
                    },
                    "deposed": [],
                    "provider": "provider.github"
                }
            },
            "depends_on": []
        },
        {
            "path": [
                "root",
                "repo_verify_ansible"
            ],
            "outputs": {},
            "resources": {
                "github_branch_protection.repo_protect_master": {
                    "type": "github_branch_protection",
                    "depends_on": [],
                    "primary": {
                        "id": "verify-ansible:master",
                        "attributes": {
                            "branch": "master",
                            "enforce_admins": "false",
                            "etag": "W/\"efb1778bd576f584af1577808d0f73b0\"",
                            "id": "verify-ansible:master",
                            "repository": "verify-ansible",
                            "required_pull_request_reviews.#": "1",
                            "required_pull_request_reviews.0.dismiss_stale_reviews": "true",
                            "required_pull_request_reviews.0.dismissal_teams.#": "0",
                            "required_pull_request_reviews.0.dismissal_users.#": "0",
                            "required_pull_request_reviews.0.include_admins": "false",
                            "required_pull_request_reviews.0.require_code_owner_reviews": "false",
                            "required_pull_request_reviews.0.required_approving_review_count": "2",
                            "required_status_checks.#": "0",
                            "restrictions.#": "0"
                        },
                        "meta": {},
                        "tainted": false
                    },
                    "deposed": [],
                    "provider": "provider.github"
                },
                "github_repository.repo": {
                    "type": "github_repository",
                    "depends_on": [],
                    "primary": {
                        "id": "verify-ansible",
                        "attributes": {
                            "allow_merge_commit": "true",
                            "allow_rebase_merge": "false",
                            "allow_squash_merge": "false",
                            "archived": "false",
                            "auto_init": "true",
                            "default_branch": "master",
                            "description": " Ansible for Verify ops ",
                            "etag": "W/\"09d7cfdd0c704b93d3ec994347dddcda\"",
                            "full_name": "alphagov/verify-ansible",
                            "git_clone_url": "git://github.com/alphagov/verify-ansible.git",
                            "has_downloads": "false",
                            "has_issues": "true",
                            "has_wiki": "true",
                            "homepage_url": "",
                            "html_url": "https://github.com/alphagov/verify-ansible",
                            "http_clone_url": "https://github.com/alphagov/verify-ansible.git",
                            "id": "verify-ansible",
                            "name": "verify-ansible",
                            "private": "true",
                            "ssh_clone_url": "git@github.com:alphagov/verify-ansible.git",
                            "svn_url": "https://github.com/alphagov/verify-ansible",
                            "topics.#": "1",
                            "topics.2357015465": "verify"
                        },
                        "meta": {},
                        "tainted": false
                    },
                    "deposed": [],
                    "provider": "provider.github"
                },
                "github_team_repository.repo_team_push.0": {
                    "type": "github_team_repository",
                    "depends_on": [
                        "data.github_team.push_teams.*",
                        "github_repository.repo"
                    ],
                    "primary": {
                        "id": "2826122:verify-ansible",
                        "attributes": {
                            "etag": "W/\"7572a9b093de13d364ab48277cdbb45b\"",
                            "id": "2826122:verify-ansible",
                            "permission": "push",
                            "repository": "verify-ansible",
                            "team_id": "2826122"
                        },
                        "meta": {},
                        "tainted": false
                    },
                    "deposed": [],
                    "provider": "provider.github"
                },
                "github_team_repository.repo_team_push.1": {
                    "type": "github_team_repository",
                    "depends_on": [
                        "data.github_team.push_teams.*",
                        "github_repository.repo"
                    ],
                    "primary": {
                        "id": "2826127:verify-ansible",
                        "attributes": {
                            "etag": "W/\"7572a9b093de13d364ab48277cdbb45b\"",
                            "id": "2826127:verify-ansible",
                            "permission": "push",
                            "repository": "verify-ansible",
                            "team_id": "2826127"
                        },
                        "meta": {},
                        "tainted": false
                    },
                    "deposed": [],
                    "provider": "provider.github"
                }
            },
            "depends_on": []
        },
        {
            "path": [
                "root",
                "repo_verify_architecture"
            ],
            "outputs": {},
            "resources": {
                "github_branch_protection.repo_protect_master": {
                    "type": "github_branch_protection",
                    "depends_on": [
                        "github_repository.repo"
                    ],
                    "primary": {
                        "id": "verify-architecture:master",
                        "attributes": {
                            "branch": "master",
                            "enforce_admins": "false",
                            "etag": "W/\"06f3647ada9307844085517f4dcd5fa5\"",
                            "id": "verify-architecture:master",
                            "repository": "verify-architecture",
                            "required_pull_request_reviews.#": "1",
                            "required_pull_request_reviews.0.dismiss_stale_reviews": "true",
                            "required_pull_request_reviews.0.dismissal_teams.#": "0",
                            "required_pull_request_reviews.0.dismissal_users.#": "0",
                            "required_pull_request_reviews.0.include_admins": "false",
                            "required_pull_request_reviews.0.require_code_owner_reviews": "false",
                            "required_pull_request_reviews.0.required_approving_review_count": "2",
                            "required_status_checks.#": "0",
                            "restrictions.#": "0"
                        },
                        "meta": {},
                        "tainted": false
                    },
                    "deposed": [],
                    "provider": "provider.github"
                },
                "github_repository.repo": {
                    "type": "github_repository",
                    "depends_on": [],
                    "primary": {
                        "id": "verify-architecture",
                        "attributes": {
                            "allow_merge_commit": "true",
                            "allow_rebase_merge": "false",
                            "allow_squash_merge": "false",
                            "archived": "false",
                            "auto_init": "true",
                            "default_branch": "master",
                            "description": "Contains architectural documentation",
                            "etag": "W/\"e3e01de94325933a9537cc8d866a20de\"",
                            "full_name": "alphagov/verify-architecture",
                            "git_clone_url": "git://github.com/alphagov/verify-architecture.git",
                            "has_downloads": "false",
                            "has_issues": "true",
                            "has_wiki": "true",
                            "homepage_url": "",
                            "html_url": "https://github.com/alphagov/verify-architecture",
                            "http_clone_url": "https://github.com/alphagov/verify-architecture.git",
                            "id": "verify-architecture",
                            "name": "verify-architecture",
                            "private": "true",
                            "ssh_clone_url": "git@github.com:alphagov/verify-architecture.git",
                            "svn_url": "https://github.com/alphagov/verify-architecture",
                            "topics.#": "1",
                            "topics.2357015465": "verify"
                        },
                        "meta": {},
                        "tainted": false
                    },
                    "deposed": [],
                    "provider": "provider.github"
                },
                "github_team_repository.repo_team_push": {
                    "type": "github_team_repository",
                    "depends_on": [
                        "data.github_team.push_teams.*",
                        "github_repository.repo"
                    ],
                    "primary": {
                        "id": "2826122:verify-architecture",
                        "attributes": {
                            "etag": "W/\"6bc3bafd08cbb6abfce3f1a86ceb62c9\"",
                            "id": "2826122:verify-architecture",
                            "permission": "push",
                            "repository": "verify-architecture",
                            "team_id": "2826122"
                        },
                        "meta": {},
                        "tainted": false
                    },
                    "deposed": [],
                    "provider": "provider.github"
                }
            },
            "depends_on": []
        },
        {
            "path": [
                "root",
                "repo_verify_blackbox_passwords"
            ],
            "outputs": {},
            "resources": {
                "github_repository.repo": {
                    "type": "github_repository",
                    "depends_on": [],
                    "primary": {
                        "id": "verify-blackbox-passwords",
                        "attributes": {
                            "allow_merge_commit": "true",
                            "allow_rebase_merge": "false",
                            "allow_squash_merge": "false",
                            "archived": "false",
                            "default_branch": "master",
                            "description": "Securely stored credentials for Verify",
                            "etag": "W/\"50c8c427b724997983012d8ef053a21c\"",
                            "full_name": "alphagov/verify-blackbox-passwords",
                            "git_clone_url": "git://github.com/alphagov/verify-blackbox-passwords.git",
                            "has_downloads": "false",
                            "has_issues": "true",
                            "has_wiki": "true",
                            "homepage_url": "",
                            "html_url": "https://github.com/alphagov/verify-blackbox-passwords",
                            "http_clone_url": "https://github.com/alphagov/verify-blackbox-passwords.git",
                            "id": "verify-blackbox-passwords",
                            "name": "verify-blackbox-passwords",
                            "private": "true",
                            "ssh_clone_url": "git@github.com:alphagov/verify-blackbox-passwords.git",
                            "svn_url": "https://github.com/alphagov/verify-blackbox-passwords",
                            "topics.#": "1",
                            "topics.2357015465": "verify"
                        },
                        "meta": {},
                        "tainted": false
                    },
                    "deposed": [],
                    "provider": "provider.github"
                },
                "github_team_repository.repo_team_push.0": {
                    "type": "github_team_repository",
                    "depends_on": [
                        "data.github_team.push_teams.*",
                        "github_repository.repo"
                    ],
                    "primary": {
                        "id": "2826122:verify-blackbox-passwords",
                        "attributes": {
                            "etag": "W/\"f6bd63d0b9562ce8c389ae896850a554\"",
                            "id": "2826122:verify-blackbox-passwords",
                            "permission": "push",
                            "repository": "verify-blackbox-passwords",
                            "team_id": "2826122"
                        },
                        "meta": {},
                        "tainted": false
                    },
                    "deposed": [],
                    "provider": "provider.github"
                },
                "github_team_repository.repo_team_push.1": {
                    "type": "github_team_repository",
                    "depends_on": [
                        "data.github_team.push_teams.*",
                        "github_repository.repo"
                    ],
                    "primary": {
                        "id": "2826127:verify-blackbox-passwords",
                        "attributes": {
                            "etag": "W/\"f6bd63d0b9562ce8c389ae896850a554\"",
                            "id": "2826127:verify-blackbox-passwords",
                            "permission": "push",
                            "repository": "verify-blackbox-passwords",
                            "team_id": "2826127"
                        },
                        "meta": {},
                        "tainted": false
                    },
                    "deposed": [],
                    "provider": "provider.github"
                }
            },
            "depends_on": []
        },
        {
            "path": [
                "root",
                "repo_verify_boxes"
            ],
            "outputs": {},
            "resources": {
                "github_branch_protection.repo_protect_master": {
                    "type": "github_branch_protection",
                    "depends_on": [],
                    "primary": {
                        "id": "verify-boxes:master",
                        "attributes": {
                            "branch": "master",
                            "enforce_admins": "false",
                            "etag": "W/\"fb1accac3c02f20acb6836c331cbf3e4\"",
                            "id": "verify-boxes:master",
                            "repository": "verify-boxes",
                            "required_pull_request_reviews.#": "1",
                            "required_pull_request_reviews.0.dismiss_stale_reviews": "true",
                            "required_pull_request_reviews.0.dismissal_teams.#": "0",
                            "required_pull_request_reviews.0.dismissal_users.#": "0",
                            "required_pull_request_reviews.0.include_admins": "false",
                            "required_pull_request_reviews.0.require_code_owner_reviews": "false",
                            "required_pull_request_reviews.0.required_approving_review_count": "2",
                            "required_status_checks.#": "0",
                            "restrictions.#": "0"
                        },
                        "meta": {},
                        "tainted": false
                    },
                    "deposed": [],
                    "provider": "provider.github"
                },
                "github_repository.repo": {
                    "type": "github_repository",
                    "depends_on": [],
                    "primary": {
                        "id": "verify-boxes",
                        "attributes": {
                            "allow_merge_commit": "true",
                            "allow_rebase_merge": "false",
                            "allow_squash_merge": "false",
                            "archived": "false",
                            "auto_init": "true",
                            "default_branch": "master",
                            "description": "Verify specific configuration for vcloud-launch ",
                            "etag": "W/\"c1eb5fbf755d022114b5352ab15a54c2\"",
                            "full_name": "alphagov/verify-boxes",
                            "git_clone_url": "git://github.com/alphagov/verify-boxes.git",
                            "has_downloads": "false",
                            "has_issues": "true",
                            "has_wiki": "true",
                            "homepage_url": "",
                            "html_url": "https://github.com/alphagov/verify-boxes",
                            "http_clone_url": "https://github.com/alphagov/verify-boxes.git",
                            "id": "verify-boxes",
                            "name": "verify-boxes",
                            "private": "true",
                            "ssh_clone_url": "git@github.com:alphagov/verify-boxes.git",
                            "svn_url": "https://github.com/alphagov/verify-boxes",
                            "topics.#": "1",
                            "topics.2357015465": "verify"
                        },
                        "meta": {},
                        "tainted": false
                    },
                    "deposed": [],
                    "provider": "provider.github"
                },
                "github_team_repository.repo_team_push.0": {
                    "type": "github_team_repository",
                    "depends_on": [
                        "data.github_team.push_teams.*",
                        "github_repository.repo"
                    ],
                    "primary": {
                        "id": "2826122:verify-boxes",
                        "attributes": {
                            "etag": "W/\"e67b4dee747a06b7b51175dedea52cea\"",
                            "id": "2826122:verify-boxes",
                            "permission": "push",
                            "repository": "verify-boxes",
                            "team_id": "2826122"
                        },
                        "meta": {},
                        "tainted": false
                    },
                    "deposed": [],
                    "provider": "provider.github"
                },
                "github_team_repository.repo_team_push.1": {
                    "type": "github_team_repository",
                    "depends_on": [
                        "data.github_team.push_teams.*",
                        "github_repository.repo"
                    ],
                    "primary": {
                        "id": "2826127:verify-boxes",
                        "attributes": {
                            "etag": "W/\"e67b4dee747a06b7b51175dedea52cea\"",
                            "id": "2826127:verify-boxes",
                            "permission": "push",
                            "repository": "verify-boxes",
                            "team_id": "2826127"
                        },
                        "meta": {},
                        "tainted": false
                    },
                    "deposed": [],
                    "provider": "provider.github"
                }
            },
            "depends_on": []
        },
        {
            "path": [
                "root",
                "repo_verify_build_scripts"
            ],
            "outputs": {},
            "resources": {
                "github_branch_protection.repo_protect_master": {
                    "type": "github_branch_protection",
                    "depends_on": [
                        "github_repository.repo"
                    ],
                    "primary": {
                        "id": "verify-build-scripts:master",
                        "attributes": {
                            "branch": "master",
                            "enforce_admins": "false",
                            "etag": "W/\"045d9c31aec8d08cb70731c3d9058b5a\"",
                            "id": "verify-build-scripts:master",
                            "repository": "verify-build-scripts",
                            "required_pull_request_reviews.#": "1",
                            "required_pull_request_reviews.0.dismiss_stale_reviews": "true",
                            "required_pull_request_reviews.0.dismissal_teams.#": "0",
                            "required_pull_request_reviews.0.dismissal_users.#": "0",
                            "required_pull_request_reviews.0.include_admins": "false",
                            "required_pull_request_reviews.0.require_code_owner_reviews": "false",
                            "required_pull_request_reviews.0.required_approving_review_count": "2",
                            "required_status_checks.#": "0",
                            "restrictions.#": "0"
                        },
                        "meta": {},
                        "tainted": false
                    },
                    "deposed": [],
                    "provider": "provider.github"
                },
                "github_repository.repo": {
                    "type": "github_repository",
                    "depends_on": [],
                    "primary": {
                        "id": "verify-build-scripts",
                        "attributes": {
                            "allow_merge_commit": "true",
                            "allow_rebase_merge": "false",
                            "allow_squash_merge": "false",
                            "archived": "false",
                            "auto_init": "true",
                            "default_branch": "master",
                            "description": "Useful scripts and tools for Verify tech",
                            "etag": "W/\"ceb0e024c04427aa50f1aa113e48d939\"",
                            "full_name": "alphagov/verify-build-scripts",
                            "git_clone_url": "git://github.com/alphagov/verify-build-scripts.git",
                            "has_downloads": "false",
                            "has_issues": "true",
                            "has_wiki": "true",
                            "homepage_url": "",
                            "html_url": "https://github.com/alphagov/verify-build-scripts",
                            "http_clone_url": "https://github.com/alphagov/verify-build-scripts.git",
                            "id": "verify-build-scripts",
                            "name": "verify-build-scripts",
                            "private": "true",
                            "ssh_clone_url": "git@github.com:alphagov/verify-build-scripts.git",
                            "svn_url": "https://github.com/alphagov/verify-build-scripts",
                            "topics.#": "1",
                            "topics.2357015465": "verify"
                        },
                        "meta": {},
                        "tainted": false
                    },
                    "deposed": [],
                    "provider": "provider.github"
                },
                "github_team_repository.repo_team_push": {
                    "type": "github_team_repository",
                    "depends_on": [
                        "data.github_team.push_teams.*",
                        "github_repository.repo"
                    ],
                    "primary": {
                        "id": "2826122:verify-build-scripts",
                        "attributes": {
                            "etag": "W/\"2d79c58fe0624546b063c08f46ae1c45\"",
                            "id": "2826122:verify-build-scripts",
                            "permission": "push",
                            "repository": "verify-build-scripts",
                            "team_id": "2826122"
                        },
                        "meta": {},
                        "tainted": false
                    },
                    "deposed": [],
                    "provider": "provider.github"
                }
            },
            "depends_on": []
        },
        {
            "path": [
                "root",
                "repo_verify_dashing"
            ],
            "outputs": {},
            "resources": {
                "github_repository.repo": {
                    "type": "github_repository",
                    "depends_on": [],
                    "primary": {
                        "id": "verify-dashing",
                        "attributes": {
                            "allow_merge_commit": "true",
                            "allow_rebase_merge": "false",
                            "allow_squash_merge": "false",
                            "archived": "false",
                            "default_branch": "master",
                            "description": "Used to run yak dashboard",
                            "etag": "W/\"f713dda59d04416f54e0c2bfc0b22458\"",
                            "full_name": "alphagov/verify-dashing",
                            "git_clone_url": "git://github.com/alphagov/verify-dashing.git",
                            "has_downloads": "false",
                            "has_issues": "true",
                            "has_wiki": "true",
                            "homepage_url": "",
                            "html_url": "https://github.com/alphagov/verify-dashing",
                            "http_clone_url": "https://github.com/alphagov/verify-dashing.git",
                            "id": "verify-dashing",
                            "name": "verify-dashing",
                            "private": "true",
                            "ssh_clone_url": "git@github.com:alphagov/verify-dashing.git",
                            "svn_url": "https://github.com/alphagov/verify-dashing",
                            "topics.#": "1",
                            "topics.2357015465": "verify"
                        },
                        "meta": {},
                        "tainted": false
                    },
                    "deposed": [],
                    "provider": "provider.github"
                },
                "github_team_repository.repo_team_push": {
                    "type": "github_team_repository",
                    "depends_on": [
                        "github_repository.repo"
                    ],
                    "primary": {
                        "id": "2826122:verify-dashing",
                        "attributes": {
                            "etag": "W/\"a96490c034e9dc0f082b777ba5fea5c7\"",
                            "id": "2826122:verify-dashing",
                            "permission": "push",
                            "repository": "verify-dashing",
                            "team_id": "2826122"
                        },
                        "meta": {},
                        "tainted": false
                    },
                    "deposed": [],
                    "provider": "provider.github"
                }
            },
            "depends_on": []
        },
        {
            "path": [
                "root",
                "repo_verify_data_pipeline"
            ],
            "outputs": {},
            "resources": {
                "github_branch_protection.repo_protect_master": {
                    "type": "github_branch_protection",
                    "depends_on": [],
                    "primary": {
                        "id": "verify-data-pipeline:master",
                        "attributes": {
                            "branch": "master",
                            "enforce_admins": "false",
                            "etag": "W/\"0e5bb9c4f241f4390cac421526649270\"",
                            "id": "verify-data-pipeline:master",
                            "repository": "verify-data-pipeline",
                            "required_pull_request_reviews.#": "1",
                            "required_pull_request_reviews.0.dismiss_stale_reviews": "true",
                            "required_pull_request_reviews.0.dismissal_teams.#": "0",
                            "required_pull_request_reviews.0.dismissal_users.#": "0",
                            "required_pull_request_reviews.0.include_admins": "false",
                            "required_pull_request_reviews.0.require_code_owner_reviews": "false",
                            "required_pull_request_reviews.0.required_approving_review_count": "2",
                            "required_status_checks.#": "0",
                            "restrictions.#": "0"
                        },
                        "meta": {},
                        "tainted": false
                    },
                    "deposed": [],
                    "provider": "provider.github"
                },
                "github_repository.repo": {
                    "type": "github_repository",
                    "depends_on": [],
                    "primary": {
                        "id": "verify-data-pipeline",
                        "attributes": {
                            "allow_merge_commit": "true",
                            "allow_rebase_merge": "false",
                            "allow_squash_merge": "false",
                            "archived": "false",
                            "auto_init": "true",
                            "default_branch": "master",
                            "description": "Manages Analytics code that generates statistics that inform journey improvements",
                            "etag": "W/\"23d0fcdfa93d61697b68c4db846ce5d0\"",
                            "full_name": "alphagov/verify-data-pipeline",
                            "git_clone_url": "git://github.com/alphagov/verify-data-pipeline.git",
                            "has_downloads": "false",
                            "has_issues": "true",
                            "has_wiki": "true",
                            "homepage_url": "",
                            "html_url": "https://github.com/alphagov/verify-data-pipeline",
                            "http_clone_url": "https://github.com/alphagov/verify-data-pipeline.git",
                            "id": "verify-data-pipeline",
                            "name": "verify-data-pipeline",
                            "private": "true",
                            "ssh_clone_url": "git@github.com:alphagov/verify-data-pipeline.git",
                            "svn_url": "https://github.com/alphagov/verify-data-pipeline",
                            "topics.#": "1",
                            "topics.2357015465": "verify"
                        },
                        "meta": {},
                        "tainted": false
                    },
                    "deposed": [],
                    "provider": "provider.github"
                },
                "github_team_repository.repo_team_push": {
                    "type": "github_team_repository",
                    "depends_on": [
                        "data.github_team.push_teams.*",
                        "github_repository.repo"
                    ],
                    "primary": {
                        "id": "2826122:verify-data-pipeline",
                        "attributes": {
                            "etag": "W/\"adac849d8c2a411bbdae5f47dfff2e96\"",
                            "id": "2826122:verify-data-pipeline",
                            "permission": "push",
                            "repository": "verify-data-pipeline",
                            "team_id": "2826122"
                        },
                        "meta": {},
                        "tainted": false
                    },
                    "deposed": [],
                    "provider": "provider.github"
                }
            },
            "depends_on": []
        },
        {
            "path": [
                "root",
                "repo_verify_data_pipeline_config"
            ],
            "outputs": {},
            "resources": {
                "github_branch_protection.repo_protect_master": {
                    "type": "github_branch_protection",
                    "depends_on": [],
                    "primary": {
                        "id": "verify-data-pipeline-config:master",
                        "attributes": {
                            "branch": "master",
                            "enforce_admins": "false",
                            "etag": "W/\"94fa3491d48e8b86acbdc2c8fc26fce4\"",
                            "id": "verify-data-pipeline-config:master",
                            "repository": "verify-data-pipeline-config",
                            "required_pull_request_reviews.#": "1",
                            "required_pull_request_reviews.0.dismiss_stale_reviews": "true",
                            "required_pull_request_reviews.0.dismissal_teams.#": "0",
                            "required_pull_request_reviews.0.dismissal_users.#": "0",
                            "required_pull_request_reviews.0.include_admins": "false",
                            "required_pull_request_reviews.0.require_code_owner_reviews": "false",
                            "required_pull_request_reviews.0.required_approving_review_count": "2",
                            "required_status_checks.#": "0",
                            "restrictions.#": "0"
                        },
                        "meta": {},
                        "tainted": false
                    },
                    "deposed": [],
                    "provider": "provider.github"
                },
                "github_repository.repo": {
                    "type": "github_repository",
                    "depends_on": [],
                    "primary": {
                        "id": "verify-data-pipeline-config",
                        "attributes": {
                            "allow_merge_commit": "true",
                            "allow_rebase_merge": "false",
                            "allow_squash_merge": "false",
                            "archived": "false",
                            "auto_init": "true",
                            "default_branch": "master",
                            "description": "Holds configuration data to help verify data pipeline run in production",
                            "etag": "W/\"958649bfafa00ebf2d4ed4e16321373b\"",
                            "full_name": "alphagov/verify-data-pipeline-config",
                            "git_clone_url": "git://github.com/alphagov/verify-data-pipeline-config.git",
                            "has_downloads": "false",
                            "has_issues": "true",
                            "has_wiki": "true",
                            "homepage_url": "",
                            "html_url": "https://github.com/alphagov/verify-data-pipeline-config",
                            "http_clone_url": "https://github.com/alphagov/verify-data-pipeline-config.git",
                            "id": "verify-data-pipeline-config",
                            "name": "verify-data-pipeline-config",
                            "private": "true",
                            "ssh_clone_url": "git@github.com:alphagov/verify-data-pipeline-config.git",
                            "svn_url": "https://github.com/alphagov/verify-data-pipeline-config",
                            "topics.#": "0"
                        },
                        "meta": {},
                        "tainted": false
                    },
                    "deposed": [],
                    "provider": "provider.github"
                },
                "github_team_repository.repo_team_push": {
                    "type": "github_team_repository",
                    "depends_on": [
                        "data.github_team.push_teams.*",
                        "github_repository.repo"
                    ],
                    "primary": {
                        "id": "2826122:verify-data-pipeline-config",
                        "attributes": {
                            "etag": "W/\"106cc4d4ac4adc3cbed84bb98c27299e\"",
                            "id": "2826122:verify-data-pipeline-config",
                            "permission": "push",
                            "repository": "verify-data-pipeline-config",
                            "team_id": "2826122"
                        },
                        "meta": {},
                        "tainted": false
                    },
                    "deposed": [],
                    "provider": "provider.github"
                }
            },
            "depends_on": []
        },
        {
            "path": [
                "root",
                "repo_verify_data_schemas"
            ],
            "outputs": {},
            "resources": {
                "github_branch_protection.repo_protect_master": {
                    "type": "github_branch_protection",
                    "depends_on": [
                        "github_repository.repo"
                    ],
                    "primary": {
                        "id": "verify-data-schemas:master",
                        "attributes": {
                            "branch": "master",
                            "enforce_admins": "false",
                            "etag": "W/\"32a407558d0c05176263af835b4d7b31\"",
                            "id": "verify-data-schemas:master",
                            "repository": "verify-data-schemas",
                            "required_pull_request_reviews.#": "1",
                            "required_pull_request_reviews.0.dismiss_stale_reviews": "true",
                            "required_pull_request_reviews.0.dismissal_teams.#": "0",
                            "required_pull_request_reviews.0.dismissal_users.#": "0",
                            "required_pull_request_reviews.0.include_admins": "false",
                            "required_pull_request_reviews.0.require_code_owner_reviews": "false",
                            "required_pull_request_reviews.0.required_approving_review_count": "2",
                            "required_status_checks.#": "0",
                            "restrictions.#": "0"
                        },
                        "meta": {},
                        "tainted": false
                    },
                    "deposed": [],
                    "provider": "provider.github"
                },
                "github_repository.repo": {
                    "type": "github_repository",
                    "depends_on": [],
                    "primary": {
                        "id": "verify-data-schemas",
                        "attributes": {
                            "allow_merge_commit": "true",
                            "allow_rebase_merge": "false",
                            "allow_squash_merge": "false",
                            "archived": "true",
                            "auto_init": "true",
                            "default_branch": "master",
                            "description": "YAML specifications for Verify data",
                            "etag": "W/\"9f48a51c3638925ac14a02ced182150c\"",
                            "full_name": "alphagov/verify-data-schemas",
                            "git_clone_url": "git://github.com/alphagov/verify-data-schemas.git",
                            "has_downloads": "false",
                            "has_issues": "true",
                            "has_wiki": "true",
                            "homepage_url": "",
                            "html_url": "https://github.com/alphagov/verify-data-schemas",
                            "http_clone_url": "https://github.com/alphagov/verify-data-schemas.git",
                            "id": "verify-data-schemas",
                            "name": "verify-data-schemas",
                            "private": "false",
                            "ssh_clone_url": "git@github.com:alphagov/verify-data-schemas.git",
                            "svn_url": "https://github.com/alphagov/verify-data-schemas",
                            "topics.#": "1",
                            "topics.2357015465": "verify"
                        },
                        "meta": {},
                        "tainted": false
                    },
                    "deposed": [],
                    "provider": "provider.github"
                },
                "github_team_repository.repo_team_push": {
                    "type": "github_team_repository",
                    "depends_on": [
                        "data.github_team.push_teams.*",
                        "github_repository.repo"
                    ],
                    "primary": {
                        "id": "2826122:verify-data-schemas",
                        "attributes": {
                            "etag": "W/\"056bc39557a441997a7643ef421e54e9\"",
                            "id": "2826122:verify-data-schemas",
                            "permission": "pull",
                            "repository": "verify-data-schemas",
                            "team_id": "2826122"
                        },
                        "meta": {},
                        "tainted": false
                    },
                    "deposed": [],
                    "provider": "provider.github"
                }
            },
            "depends_on": []
        },
        {
            "path": [
                "root",
                "repo_verify_datascience_sandbox"
            ],
            "outputs": {},
            "resources": {
                "github_branch_protection.repo_protect_master": {
                    "type": "github_branch_protection",
                    "depends_on": [
                        "github_repository.repo"
                    ],
                    "primary": {
                        "id": "verify-datascience-sandbox:master",
                        "attributes": {
                            "branch": "master",
                            "enforce_admins": "false",
                            "etag": "W/\"82a80a21d9e33dbfd2e8016e5bee7fbf\"",
                            "id": "verify-datascience-sandbox:master",
                            "repository": "verify-datascience-sandbox",
                            "required_pull_request_reviews.#": "1",
                            "required_pull_request_reviews.0.dismiss_stale_reviews": "true",
                            "required_pull_request_reviews.0.dismissal_teams.#": "0",
                            "required_pull_request_reviews.0.dismissal_users.#": "0",
                            "required_pull_request_reviews.0.include_admins": "false",
                            "required_pull_request_reviews.0.require_code_owner_reviews": "false",
                            "required_pull_request_reviews.0.required_approving_review_count": "2",
                            "required_status_checks.#": "0",
                            "restrictions.#": "0"
                        },
                        "meta": {},
                        "tainted": false
                    },
                    "deposed": [],
                    "provider": "provider.github"
                },
                "github_repository.repo": {
                    "type": "github_repository",
                    "depends_on": [],
                    "primary": {
                        "id": "verify-datascience-sandbox",
                        "attributes": {
                            "allow_merge_commit": "true",
                            "allow_rebase_merge": "false",
                            "allow_squash_merge": "false",
                            "archived": "false",
                            "default_branch": "master",
                            "description": "A repository for analysis of GOV.UK Verify data.",
                            "etag": "W/\"8b95617589106dcea5162d4595ca8b9f\"",
                            "full_name": "alphagov/verify-datascience-sandbox",
                            "git_clone_url": "git://github.com/alphagov/verify-datascience-sandbox.git",
                            "has_downloads": "false",
                            "has_issues": "true",
                            "has_wiki": "true",
                            "homepage_url": "",
                            "html_url": "https://github.com/alphagov/verify-datascience-sandbox",
                            "http_clone_url": "https://github.com/alphagov/verify-datascience-sandbox.git",
                            "id": "verify-datascience-sandbox",
                            "name": "verify-datascience-sandbox",
                            "private": "true",
                            "ssh_clone_url": "git@github.com:alphagov/verify-datascience-sandbox.git",
                            "svn_url": "https://github.com/alphagov/verify-datascience-sandbox",
                            "topics.#": "0"
                        },
                        "meta": {},
                        "tainted": false
                    },
                    "deposed": [],
                    "provider": "provider.github"
                },
                "github_team_repository.repo_team_push": {
                    "type": "github_team_repository",
                    "depends_on": [
                        "data.github_team.push_teams.*",
                        "github_repository.repo"
                    ],
                    "primary": {
                        "id": "2826122:verify-datascience-sandbox",
                        "attributes": {
                            "etag": "W/\"1d3cd6e6779a6c15d038ebf95cee3d0c\"",
                            "id": "2826122:verify-datascience-sandbox",
                            "permission": "push",
                            "repository": "verify-datascience-sandbox",
                            "team_id": "2826122"
                        },
                        "meta": {},
                        "tainted": false
                    },
                    "deposed": [],
                    "provider": "provider.github"
                }
            },
            "depends_on": []
        },
        {
            "path": [
                "root",
                "repo_verify_eidas_metadata_aggregator"
            ],
            "outputs": {},
            "resources": {
                "github_branch_protection.repo_protect_master": {
                    "type": "github_branch_protection",
                    "depends_on": [
                        "github_repository.repo"
                    ],
                    "primary": {
                        "id": "verify-eidas-metadata-aggregator:master",
                        "attributes": {
                            "branch": "master",
                            "enforce_admins": "false",
                            "etag": "W/\"17bca9409607b95e8b0ccf98e078fce5\"",
                            "id": "verify-eidas-metadata-aggregator:master",
                            "repository": "verify-eidas-metadata-aggregator",
                            "required_pull_request_reviews.#": "1",
                            "required_pull_request_reviews.0.dismiss_stale_reviews": "true",
                            "required_pull_request_reviews.0.dismissal_teams.#": "0",
                            "required_pull_request_reviews.0.dismissal_users.#": "0",
                            "required_pull_request_reviews.0.include_admins": "false",
                            "required_pull_request_reviews.0.require_code_owner_reviews": "false",
                            "required_pull_request_reviews.0.required_approving_review_count": "2",
                            "required_status_checks.#": "0",
                            "restrictions.#": "0"
                        },
                        "meta": {},
                        "tainted": false
                    },
                    "deposed": [],
                    "provider": "provider.github"
                },
                "github_repository.repo": {
                    "type": "github_repository",
                    "depends_on": [],
                    "primary": {
                        "id": "verify-eidas-metadata-aggregator",
                        "attributes": {
                            "allow_merge_commit": "true",
                            "allow_rebase_merge": "false",
                            "allow_squash_merge": "false",
                            "archived": "false",
                            "auto_init": "true",
                            "default_branch": "master",
                            "description": "Script to aggregate SAML metadata from EU countries",
                            "etag": "W/\"8f8aba9a7b59277dbaa4f1f42ca2722e\"",
                            "full_name": "alphagov/verify-eidas-metadata-aggregator",
                            "git_clone_url": "git://github.com/alphagov/verify-eidas-metadata-aggregator.git",
                            "has_downloads": "false",
                            "has_issues": "true",
                            "has_wiki": "true",
                            "homepage_url": "",
                            "html_url": "https://github.com/alphagov/verify-eidas-metadata-aggregator",
                            "http_clone_url": "https://github.com/alphagov/verify-eidas-metadata-aggregator.git",
                            "id": "verify-eidas-metadata-aggregator",
                            "name": "verify-eidas-metadata-aggregator",
                            "private": "false",
                            "ssh_clone_url": "git@github.com:alphagov/verify-eidas-metadata-aggregator.git",
                            "svn_url": "https://github.com/alphagov/verify-eidas-metadata-aggregator",
                            "topics.#": "1",
                            "topics.2357015465": "verify"
                        },
                        "meta": {},
                        "tainted": false
                    },
                    "deposed": [],
                    "provider": "provider.github"
                },
                "github_team_repository.repo_team_push": {
                    "type": "github_team_repository",
                    "depends_on": [
                        "data.github_team.push_teams.*",
                        "github_repository.repo"
                    ],
                    "primary": {
                        "id": "2826126:verify-eidas-metadata-aggregator",
                        "attributes": {
                            "etag": "W/\"ad4a99d7d90fa075d89617592f57c48a\"",
                            "id": "2826126:verify-eidas-metadata-aggregator",
                            "permission": "push",
                            "repository": "verify-eidas-metadata-aggregator",
                            "team_id": "2826126"
                        },
                        "meta": {},
                        "tainted": false
                    },
                    "deposed": [],
                    "provider": "provider.github"
                }
            },
            "depends_on": []
        },
        {
            "path": [
                "root",
                "repo_verify_eidas_mw_config_generator"
            ],
            "outputs": {},
            "resources": {
                "github_branch_protection.repo_protect_master": {
                    "type": "github_branch_protection",
                    "depends_on": [
                        "github_repository.repo"
                    ],
                    "primary": {
                        "id": "verify-eidas-mw-config-generator:master",
                        "attributes": {
                            "branch": "master",
                            "enforce_admins": "false",
                            "etag": "W/\"b0efc996df96edd2ddce7570d27d5007\"",
                            "id": "verify-eidas-mw-config-generator:master",
                            "repository": "verify-eidas-mw-config-generator",
                            "required_pull_request_reviews.#": "1",
                            "required_pull_request_reviews.0.dismiss_stale_reviews": "true",
                            "required_pull_request_reviews.0.dismissal_teams.#": "0",
                            "required_pull_request_reviews.0.dismissal_users.#": "0",
                            "required_pull_request_reviews.0.include_admins": "false",
                            "required_pull_request_reviews.0.require_code_owner_reviews": "false",
                            "required_pull_request_reviews.0.required_approving_review_count": "2",
                            "required_status_checks.#": "0",
                            "restrictions.#": "0"
                        },
                        "meta": {},
                        "tainted": false
                    },
                    "deposed": [],
                    "provider": "provider.github"
                },
                "github_repository.repo": {
                    "type": "github_repository",
                    "depends_on": [],
                    "primary": {
                        "id": "verify-eidas-mw-config-generator",
                        "attributes": {
                            "allow_merge_commit": "true",
                            "allow_rebase_merge": "false",
                            "allow_squash_merge": "false",
                            "archived": "false",
                            "auto_init": "true",
                            "default_branch": "master",
                            "description": "eIDAS Middleware Configuration Generator",
                            "etag": "W/\"9b384bde99b64b290d1c2c8573a7b79d\"",
                            "full_name": "alphagov/verify-eidas-mw-config-generator",
                            "git_clone_url": "git://github.com/alphagov/verify-eidas-mw-config-generator.git",
                            "has_downloads": "false",
                            "has_issues": "true",
                            "has_wiki": "true",
                            "homepage_url": "",
                            "html_url": "https://github.com/alphagov/verify-eidas-mw-config-generator",
                            "http_clone_url": "https://github.com/alphagov/verify-eidas-mw-config-generator.git",
                            "id": "verify-eidas-mw-config-generator",
                            "name": "verify-eidas-mw-config-generator",
                            "private": "false",
                            "ssh_clone_url": "git@github.com:alphagov/verify-eidas-mw-config-generator.git",
                            "svn_url": "https://github.com/alphagov/verify-eidas-mw-config-generator",
                            "topics.#": "0"
                        },
                        "meta": {},
                        "tainted": false
                    },
                    "deposed": [],
                    "provider": "provider.github"
                },
                "github_team_repository.repo_team_push": {
                    "type": "github_team_repository",
                    "depends_on": [
                        "data.github_team.push_teams.*",
                        "github_repository.repo"
                    ],
                    "primary": {
                        "id": "2826126:verify-eidas-mw-config-generator",
                        "attributes": {
                            "etag": "W/\"97a1086e9057acc2ac6580f7e1f6ae50\"",
                            "id": "2826126:verify-eidas-mw-config-generator",
                            "permission": "push",
                            "repository": "verify-eidas-mw-config-generator",
                            "team_id": "2826126"
                        },
                        "meta": {},
                        "tainted": false
                    },
                    "deposed": [],
                    "provider": "provider.github"
                }
            },
            "depends_on": []
        },
        {
            "path": [
                "root",
                "repo_verify_eidas_mw_run"
            ],
            "outputs": {},
            "resources": {
                "github_branch_protection.repo_protect_master": {
                    "type": "github_branch_protection",
                    "depends_on": [
                        "github_repository.repo"
                    ],
                    "primary": {
                        "id": "verify-eidas-mw-run:master",
                        "attributes": {
                            "branch": "master",
                            "enforce_admins": "false",
                            "etag": "W/\"7430e9953ea4414d24d5f7c4daffe4b5\"",
                            "id": "verify-eidas-mw-run:master",
                            "repository": "verify-eidas-mw-run",
                            "required_pull_request_reviews.#": "1",
                            "required_pull_request_reviews.0.dismiss_stale_reviews": "true",
                            "required_pull_request_reviews.0.dismissal_teams.#": "0",
                            "required_pull_request_reviews.0.dismissal_users.#": "0",
                            "required_pull_request_reviews.0.include_admins": "false",
                            "required_pull_request_reviews.0.require_code_owner_reviews": "false",
                            "required_pull_request_reviews.0.required_approving_review_count": "2",
                            "required_status_checks.#": "0",
                            "restrictions.#": "0"
                        },
                        "meta": {},
                        "tainted": false
                    },
                    "deposed": [],
                    "provider": "provider.github"
                },
                "github_repository.repo": {
                    "type": "github_repository",
                    "depends_on": [],
                    "primary": {
                        "id": "verify-eidas-mw-run",
                        "attributes": {
                            "allow_merge_commit": "true",
                            "allow_rebase_merge": "false",
                            "allow_squash_merge": "false",
                            "archived": "false",
                            "auto_init": "true",
                            "default_branch": "master",
                            "description": "German eIDAS middleware run container",
                            "etag": "W/\"91983ab0dda8d6ffcb4c353baf28d12f\"",
                            "full_name": "alphagov/verify-eidas-mw-run",
                            "git_clone_url": "git://github.com/alphagov/verify-eidas-mw-run.git",
                            "has_downloads": "false",
                            "has_issues": "true",
                            "has_wiki": "true",
                            "homepage_url": "",
                            "html_url": "https://github.com/alphagov/verify-eidas-mw-run",
                            "http_clone_url": "https://github.com/alphagov/verify-eidas-mw-run.git",
                            "id": "verify-eidas-mw-run",
                            "name": "verify-eidas-mw-run",
                            "private": "false",
                            "ssh_clone_url": "git@github.com:alphagov/verify-eidas-mw-run.git",
                            "svn_url": "https://github.com/alphagov/verify-eidas-mw-run",
                            "topics.#": "0"
                        },
                        "meta": {},
                        "tainted": false
                    },
                    "deposed": [],
                    "provider": "provider.github"
                },
                "github_team_repository.repo_team_push": {
                    "type": "github_team_repository",
                    "depends_on": [
                        "data.github_team.push_teams.*",
                        "github_repository.repo"
                    ],
                    "primary": {
                        "id": "2826126:verify-eidas-mw-run",
                        "attributes": {
                            "etag": "W/\"86dd81566a1cf751e46b475e22c7e4ea\"",
                            "id": "2826126:verify-eidas-mw-run",
                            "permission": "push",
                            "repository": "verify-eidas-mw-run",
                            "team_id": "2826126"
                        },
                        "meta": {},
                        "tainted": false
                    },
                    "deposed": [],
                    "provider": "provider.github"
                }
            },
            "depends_on": []
        },
        {
            "path": [
                "root",
                "repo_verify_eidas_trust_anchor"
            ],
            "outputs": {},
            "resources": {
                "github_branch_protection.repo_protect_master": {
                    "type": "github_branch_protection",
                    "depends_on": [],
                    "primary": {
                        "id": "verify-eidas-trust-anchor:master",
                        "attributes": {
                            "branch": "master",
                            "enforce_admins": "false",
                            "etag": "W/\"ec2639e8f958856bcebb8577460da6b2\"",
                            "id": "verify-eidas-trust-anchor:master",
                            "repository": "verify-eidas-trust-anchor",
                            "required_pull_request_reviews.#": "1",
                            "required_pull_request_reviews.0.dismiss_stale_reviews": "true",
                            "required_pull_request_reviews.0.dismissal_teams.#": "0",
                            "required_pull_request_reviews.0.dismissal_users.#": "0",
                            "required_pull_request_reviews.0.include_admins": "false",
                            "required_pull_request_reviews.0.require_code_owner_reviews": "false",
                            "required_pull_request_reviews.0.required_approving_review_count": "2",
                            "required_status_checks.#": "0",
                            "restrictions.#": "0"
                        },
                        "meta": {},
                        "tainted": false
                    },
                    "deposed": [],
                    "provider": "provider.github"
                },
                "github_repository.repo": {
                    "type": "github_repository",
                    "depends_on": [],
                    "primary": {
                        "id": "verify-eidas-trust-anchor",
                        "attributes": {
                            "allow_merge_commit": "true",
                            "allow_rebase_merge": "false",
                            "allow_squash_merge": "false",
                            "archived": "false",
                            "auto_init": "true",
                            "default_branch": "master",
                            "description": "Generates trust anchors as JSON Web Keys that allow MSAs and Hubs to validate European metadata.",
                            "etag": "W/\"cc70496243ea008535fc9248fd5f91bb\"",
                            "full_name": "alphagov/verify-eidas-trust-anchor",
                            "git_clone_url": "git://github.com/alphagov/verify-eidas-trust-anchor.git",
                            "has_downloads": "false",
                            "has_issues": "true",
                            "has_wiki": "true",
                            "homepage_url": "",
                            "html_url": "https://github.com/alphagov/verify-eidas-trust-anchor",
                            "http_clone_url": "https://github.com/alphagov/verify-eidas-trust-anchor.git",
                            "id": "verify-eidas-trust-anchor",
                            "name": "verify-eidas-trust-anchor",
                            "private": "false",
                            "ssh_clone_url": "git@github.com:alphagov/verify-eidas-trust-anchor.git",
                            "svn_url": "https://github.com/alphagov/verify-eidas-trust-anchor",
                            "topics.#": "1",
                            "topics.2357015465": "verify"
                        },
                        "meta": {},
                        "tainted": false
                    },
                    "deposed": [],
                    "provider": "provider.github"
                },
                "github_team_repository.repo_team_push": {
                    "type": "github_team_repository",
                    "depends_on": [
                        "data.github_team.push_teams.*",
                        "github_repository.repo"
                    ],
                    "primary": {
                        "id": "2826126:verify-eidas-trust-anchor",
                        "attributes": {
                            "etag": "W/\"60d1262492d97281ebcef490ba9f38c0\"",
                            "id": "2826126:verify-eidas-trust-anchor",
                            "permission": "push",
                            "repository": "verify-eidas-trust-anchor",
                            "team_id": "2826126"
                        },
                        "meta": {},
                        "tainted": false
                    },
                    "deposed": [],
                    "provider": "provider.github"
                }
            },
            "depends_on": []
        },
        {
            "path": [
                "root",
                "repo_verify_event_emitter"
            ],
            "outputs": {},
            "resources": {
                "github_branch_protection.repo_protect_master": {
                    "type": "github_branch_protection",
                    "depends_on": [
                        "github_repository.repo"
                    ],
                    "primary": {
                        "id": "verify-event-emitter:master",
                        "attributes": {
                            "branch": "master",
                            "enforce_admins": "false",
                            "etag": "W/\"1afab1ed558191cd78a5f8c2c2e49b3a\"",
                            "id": "verify-event-emitter:master",
                            "repository": "verify-event-emitter",
                            "required_pull_request_reviews.#": "1",
                            "required_pull_request_reviews.0.dismiss_stale_reviews": "true",
                            "required_pull_request_reviews.0.dismissal_teams.#": "0",
                            "required_pull_request_reviews.0.dismissal_users.#": "0",
                            "required_pull_request_reviews.0.include_admins": "false",
                            "required_pull_request_reviews.0.require_code_owner_reviews": "false",
                            "required_pull_request_reviews.0.required_approving_review_count": "2",
                            "required_status_checks.#": "0",
                            "restrictions.#": "0"
                        },
                        "meta": {},
                        "tainted": false
                    },
                    "deposed": [],
                    "provider": "provider.github"
                },
                "github_repository.repo": {
                    "type": "github_repository",
                    "depends_on": [],
                    "primary": {
                        "id": "verify-event-emitter",
                        "attributes": {
                            "allow_merge_commit": "true",
                            "allow_rebase_merge": "false",
                            "allow_squash_merge": "false",
                            "archived": "false",
                            "auto_init": "true",
                            "default_branch": "master",
                            "description": "Send events",
                            "etag": "W/\"5f2b1a3900d14e5cf2d4bf2ec6c949a7\"",
                            "full_name": "alphagov/verify-event-emitter",
                            "git_clone_url": "git://github.com/alphagov/verify-event-emitter.git",
                            "has_downloads": "false",
                            "has_issues": "true",
                            "has_wiki": "true",
                            "homepage_url": "",
                            "html_url": "https://github.com/alphagov/verify-event-emitter",
                            "http_clone_url": "https://github.com/alphagov/verify-event-emitter.git",
                            "id": "verify-event-emitter",
                            "name": "verify-event-emitter",
                            "private": "false",
                            "ssh_clone_url": "git@github.com:alphagov/verify-event-emitter.git",
                            "svn_url": "https://github.com/alphagov/verify-event-emitter",
                            "topics.#": "1",
                            "topics.2357015465": "verify"
                        },
                        "meta": {},
                        "tainted": false
                    },
                    "deposed": [],
                    "provider": "provider.github"
                },
                "github_team_repository.repo_team_push": {
                    "type": "github_team_repository",
                    "depends_on": [
                        "data.github_team.teams.*",
                        "github_repository.repo"
                    ],
                    "primary": {
                        "id": "2826122:verify-event-emitter",
                        "attributes": {
                            "etag": "W/\"9f70cb0583a173eda33b826a81ad886a\"",
                            "id": "2826122:verify-event-emitter",
                            "permission": "push",
                            "repository": "verify-event-emitter",
                            "team_id": "2826122"
                        },
                        "meta": {},
                        "tainted": false
                    },
                    "deposed": [],
                    "provider": "provider.github"
                }
            },
            "depends_on": []
        },
        {
            "path": [
                "root",
                "repo_verify_event_emitter_loader"
            ],
            "outputs": {},
            "resources": {
                "github_branch_protection.repo_protect_master": {
                    "type": "github_branch_protection",
                    "depends_on": [
                        "github_repository.repo"
                    ],
                    "primary": {
                        "id": "verify-event-emitter-loader:master",
                        "attributes": {
                            "branch": "master",
                            "enforce_admins": "false",
                            "etag": "W/\"f95f76ee5dcfbeef3259d1793205c613\"",
                            "id": "verify-event-emitter-loader:master",
                            "repository": "verify-event-emitter-loader",
                            "required_pull_request_reviews.#": "1",
                            "required_pull_request_reviews.0.dismiss_stale_reviews": "true",
                            "required_pull_request_reviews.0.dismissal_teams.#": "0",
                            "required_pull_request_reviews.0.dismissal_users.#": "0",
                            "required_pull_request_reviews.0.include_admins": "false",
                            "required_pull_request_reviews.0.require_code_owner_reviews": "false",
                            "required_pull_request_reviews.0.required_approving_review_count": "2",
                            "required_status_checks.#": "0",
                            "restrictions.#": "0"
                        },
                        "meta": {},
                        "tainted": false
                    },
                    "deposed": [],
                    "provider": "provider.github"
                },
                "github_repository.repo": {
                    "type": "github_repository",
                    "depends_on": [],
                    "primary": {
                        "id": "verify-event-emitter-loader",
                        "attributes": {
                            "allow_merge_commit": "true",
                            "allow_rebase_merge": "false",
                            "allow_squash_merge": "false",
                            "archived": "false",
                            "default_branch": "master",
                            "description": "Create encrypted events in a given queue",
                            "etag": "W/\"e01c9694986597689864a9cf08389408\"",
                            "full_name": "alphagov/verify-event-emitter-loader",
                            "git_clone_url": "git://github.com/alphagov/verify-event-emitter-loader.git",
                            "has_downloads": "false",
                            "has_issues": "true",
                            "has_wiki": "true",
                            "homepage_url": "",
                            "html_url": "https://github.com/alphagov/verify-event-emitter-loader",
                            "http_clone_url": "https://github.com/alphagov/verify-event-emitter-loader.git",
                            "id": "verify-event-emitter-loader",
                            "name": "verify-event-emitter-loader",
                            "private": "false",
                            "ssh_clone_url": "git@github.com:alphagov/verify-event-emitter-loader.git",
                            "svn_url": "https://github.com/alphagov/verify-event-emitter-loader",
                            "topics.#": "0"
                        },
                        "meta": {},
                        "tainted": false
                    },
                    "deposed": [],
                    "provider": "provider.github"
                },
                "github_team_repository.repo_team_push": {
                    "type": "github_team_repository",
                    "depends_on": [
                        "data.github_team.push_teams.*",
                        "github_repository.repo"
                    ],
                    "primary": {
                        "id": "2826122:verify-event-emitter-loader",
                        "attributes": {
                            "etag": "W/\"346eca05ba0038daab3fa4ef9ebae1eb\"",
                            "id": "2826122:verify-event-emitter-loader",
                            "permission": "push",
                            "repository": "verify-event-emitter-loader",
                            "team_id": "2826122"
                        },
                        "meta": {},
                        "tainted": false
                    },
                    "deposed": [],
                    "provider": "provider.github"
                }
            },
            "depends_on": []
        },
        {
            "path": [
                "root",
                "repo_verify_event_infrastructure"
            ],
            "outputs": {},
            "resources": {
                "github_branch_protection.repo_protect_master": {
                    "type": "github_branch_protection",
                    "depends_on": [
                        "github_repository.repo"
                    ],
                    "primary": {
                        "id": "verify-event-infrastructure:master",
                        "attributes": {
                            "branch": "master",
                            "enforce_admins": "false",
                            "etag": "W/\"191cdf2673c6c4f206d891702c9bd9a5\"",
                            "id": "verify-event-infrastructure:master",
                            "repository": "verify-event-infrastructure",
                            "required_pull_request_reviews.#": "1",
                            "required_pull_request_reviews.0.dismiss_stale_reviews": "true",
                            "required_pull_request_reviews.0.dismissal_teams.#": "0",
                            "required_pull_request_reviews.0.dismissal_users.#": "0",
                            "required_pull_request_reviews.0.include_admins": "false",
                            "required_pull_request_reviews.0.require_code_owner_reviews": "false",
                            "required_pull_request_reviews.0.required_approving_review_count": "2",
                            "required_status_checks.#": "0",
                            "restrictions.#": "0"
                        },
                        "meta": {},
                        "tainted": false
                    },
                    "deposed": [],
                    "provider": "provider.github"
                },
                "github_repository.repo": {
                    "type": "github_repository",
                    "depends_on": [],
                    "primary": {
                        "id": "verify-event-infrastructure",
                        "attributes": {
                            "allow_merge_commit": "true",
                            "allow_rebase_merge": "false",
                            "allow_squash_merge": "false",
                            "archived": "false",
                            "auto_init": "true",
                            "default_branch": "master",
                            "description": "Infrastructure used to process Audit \u0026 Billing events for Verify",
                            "etag": "W/\"bf6f79aa1eeaf36efedee16b6695054a\"",
                            "full_name": "alphagov/verify-event-infrastructure",
                            "git_clone_url": "git://github.com/alphagov/verify-event-infrastructure.git",
                            "has_downloads": "false",
                            "has_issues": "true",
                            "has_wiki": "true",
                            "homepage_url": "",
                            "html_url": "https://github.com/alphagov/verify-event-infrastructure",
                            "http_clone_url": "https://github.com/alphagov/verify-event-infrastructure.git",
                            "id": "verify-event-infrastructure",
                            "name": "verify-event-infrastructure",
                            "private": "true",
                            "ssh_clone_url": "git@github.com:alphagov/verify-event-infrastructure.git",
                            "svn_url": "https://github.com/alphagov/verify-event-infrastructure",
                            "topics.#": "6",
                            "topics.1617721690": "lambda",
                            "topics.2357015465": "verify",
                            "topics.2480389212": "infrastructure",
                            "topics.3101954328": "sqs",
                            "topics.448075750": "rds",
                            "topics.535570215": "terraform"
                        },
                        "meta": {},
                        "tainted": false
                    },
                    "deposed": [],
                    "provider": "provider.github"
                },
                "github_team_repository.repo_team_push.0": {
                    "type": "github_team_repository",
                    "depends_on": [
                        "data.github_team.push_teams.*",
                        "github_repository.repo"
                    ],
                    "primary": {
                        "id": "2826122:verify-event-infrastructure",
                        "attributes": {
                            "etag": "W/\"e089d1cce47cda0e143402879ed89b87\"",
                            "id": "2826122:verify-event-infrastructure",
                            "permission": "push",
                            "repository": "verify-event-infrastructure",
                            "team_id": "2826122"
                        },
                        "meta": {},
                        "tainted": false
                    },
                    "deposed": [],
                    "provider": "provider.github"
                },
                "github_team_repository.repo_team_push.1": {
                    "type": "github_team_repository",
                    "depends_on": [
                        "data.github_team.push_teams.*",
                        "github_repository.repo"
                    ],
                    "primary": {
                        "id": "2826127:verify-event-infrastructure",
                        "attributes": {
                            "etag": "W/\"e089d1cce47cda0e143402879ed89b87\"",
                            "id": "2826127:verify-event-infrastructure",
                            "permission": "push",
                            "repository": "verify-event-infrastructure",
                            "team_id": "2826127"
                        },
                        "meta": {},
                        "tainted": false
                    },
                    "deposed": [],
                    "provider": "provider.github"
                }
            },
            "depends_on": []
        },
        {
            "path": [
                "root",
                "repo_verify_event_recorder_service"
            ],
            "outputs": {},
            "resources": {
                "github_branch_protection.repo_protect_master": {
                    "type": "github_branch_protection",
                    "depends_on": [
                        "github_repository.repo"
                    ],
                    "primary": {
                        "id": "verify-event-recorder-service:master",
                        "attributes": {
                            "branch": "master",
                            "enforce_admins": "false",
                            "etag": "W/\"132e0233a19f0d0d441b23b2d970f1f1\"",
                            "id": "verify-event-recorder-service:master",
                            "repository": "verify-event-recorder-service",
                            "required_pull_request_reviews.#": "1",
                            "required_pull_request_reviews.0.dismiss_stale_reviews": "true",
                            "required_pull_request_reviews.0.dismissal_teams.#": "0",
                            "required_pull_request_reviews.0.dismissal_users.#": "0",
                            "required_pull_request_reviews.0.include_admins": "false",
                            "required_pull_request_reviews.0.require_code_owner_reviews": "false",
                            "required_pull_request_reviews.0.required_approving_review_count": "2",
                            "required_status_checks.#": "0",
                            "restrictions.#": "0"
                        },
                        "meta": {},
                        "tainted": false
                    },
                    "deposed": [],
                    "provider": "provider.github"
                },
                "github_repository.repo": {
                    "type": "github_repository",
                    "depends_on": [],
                    "primary": {
                        "id": "verify-event-recorder-service",
                        "attributes": {
                            "allow_merge_commit": "true",
                            "allow_rebase_merge": "false",
                            "allow_squash_merge": "false",
                            "archived": "false",
                            "auto_init": "true",
                            "default_branch": "master",
                            "description": "This service is part of Verify's event recording system; its purpose is to read events from a queue and write them to a permanent datastore.",
                            "etag": "W/\"df898dc7fbce98420a5b55865aeda309\"",
                            "full_name": "alphagov/verify-event-recorder-service",
                            "git_clone_url": "git://github.com/alphagov/verify-event-recorder-service.git",
                            "has_downloads": "false",
                            "has_issues": "true",
                            "has_wiki": "true",
                            "homepage_url": "",
                            "html_url": "https://github.com/alphagov/verify-event-recorder-service",
                            "http_clone_url": "https://github.com/alphagov/verify-event-recorder-service.git",
                            "id": "verify-event-recorder-service",
                            "name": "verify-event-recorder-service",
                            "private": "false",
                            "ssh_clone_url": "git@github.com:alphagov/verify-event-recorder-service.git",
                            "svn_url": "https://github.com/alphagov/verify-event-recorder-service",
                            "topics.#": "1",
                            "topics.2357015465": "verify"
                        },
                        "meta": {},
                        "tainted": false
                    },
                    "deposed": [],
                    "provider": "provider.github"
                },
                "github_team_repository.repo_team_push": {
                    "type": "github_team_repository",
                    "depends_on": [
                        "data.github_team.teams.*",
                        "github_repository.repo"
                    ],
                    "primary": {
                        "id": "2826122:verify-event-recorder-service",
                        "attributes": {
                            "etag": "W/\"e4ce845e73aaa4a912becec73e3861c1\"",
                            "id": "2826122:verify-event-recorder-service",
                            "permission": "push",
                            "repository": "verify-event-recorder-service",
                            "team_id": "2826122"
                        },
                        "meta": {},
                        "tainted": false
                    },
                    "deposed": [],
                    "provider": "provider.github"
                }
            },
            "depends_on": []
        },
        {
            "path": [
                "root",
                "repo_verify_event_system_database_scripts"
            ],
            "outputs": {},
            "resources": {
                "github_branch_protection.repo_protect_master": {
                    "type": "github_branch_protection",
                    "depends_on": [
                        "github_repository.repo"
                    ],
                    "primary": {
                        "id": "verify-event-system-database-scripts:master",
                        "attributes": {
                            "branch": "master",
                            "enforce_admins": "false",
                            "etag": "W/\"acb57a9df97fcc57dfd179fd0a533d77\"",
                            "id": "verify-event-system-database-scripts:master",
                            "repository": "verify-event-system-database-scripts",
                            "required_pull_request_reviews.#": "1",
                            "required_pull_request_reviews.0.dismiss_stale_reviews": "true",
                            "required_pull_request_reviews.0.dismissal_teams.#": "0",
                            "required_pull_request_reviews.0.dismissal_users.#": "0",
                            "required_pull_request_reviews.0.include_admins": "false",
                            "required_pull_request_reviews.0.require_code_owner_reviews": "false",
                            "required_pull_request_reviews.0.required_approving_review_count": "2",
                            "required_status_checks.#": "0",
                            "restrictions.#": "0"
                        },
                        "meta": {},
                        "tainted": false
                    },
                    "deposed": [],
                    "provider": "provider.github"
                },
                "github_repository.repo": {
                    "type": "github_repository",
                    "depends_on": [],
                    "primary": {
                        "id": "verify-event-system-database-scripts",
                        "attributes": {
                            "allow_merge_commit": "true",
                            "allow_rebase_merge": "false",
                            "allow_squash_merge": "false",
                            "archived": "false",
                            "default_branch": "master",
                            "description": "SQL scripts and schemas for the Event System database",
                            "etag": "W/\"4b11dd26f1f824e275ea8a719fedae1d\"",
                            "full_name": "alphagov/verify-event-system-database-scripts",
                            "git_clone_url": "git://github.com/alphagov/verify-event-system-database-scripts.git",
                            "has_downloads": "false",
                            "has_issues": "true",
                            "has_wiki": "true",
                            "homepage_url": "",
                            "html_url": "https://github.com/alphagov/verify-event-system-database-scripts",
                            "http_clone_url": "https://github.com/alphagov/verify-event-system-database-scripts.git",
                            "id": "verify-event-system-database-scripts",
                            "name": "verify-event-system-database-scripts",
                            "private": "false",
                            "ssh_clone_url": "git@github.com:alphagov/verify-event-system-database-scripts.git",
                            "svn_url": "https://github.com/alphagov/verify-event-system-database-scripts",
                            "topics.#": "0"
                        },
                        "meta": {},
                        "tainted": false
                    },
                    "deposed": [],
                    "provider": "provider.github"
                },
                "github_team_repository.repo_team_push": {
                    "type": "github_team_repository",
                    "depends_on": [
                        "github_repository.repo"
                    ],
                    "primary": {
                        "id": "2826122:verify-event-system-database-scripts",
                        "attributes": {
                            "etag": "W/\"e79eb3fb606ff2461fa294369863ed3f\"",
                            "id": "2826122:verify-event-system-database-scripts",
                            "permission": "push",
                            "repository": "verify-event-system-database-scripts",
                            "team_id": "2826122"
                        },
                        "meta": {},
                        "tainted": false
                    },
                    "deposed": [],
                    "provider": "provider.github"
                }
            },
            "depends_on": []
        },
        {
            "path": [
                "root",
                "repo_verify_fabric"
            ],
            "outputs": {},
            "resources": {
                "github_branch_protection.repo_protect_master": {
                    "type": "github_branch_protection",
                    "depends_on": [],
                    "primary": {
                        "id": "verify-fabric:master",
                        "attributes": {
                            "branch": "master",
                            "enforce_admins": "false",
                            "etag": "W/\"7e4e17cbc33494d0d7840eb55340372a\"",
                            "id": "verify-fabric:master",
                            "repository": "verify-fabric",
                            "required_pull_request_reviews.#": "1",
                            "required_pull_request_reviews.0.dismiss_stale_reviews": "true",
                            "required_pull_request_reviews.0.dismissal_teams.#": "0",
                            "required_pull_request_reviews.0.dismissal_users.#": "0",
                            "required_pull_request_reviews.0.include_admins": "false",
                            "required_pull_request_reviews.0.require_code_owner_reviews": "false",
                            "required_pull_request_reviews.0.required_approving_review_count": "2",
                            "required_status_checks.#": "0",
                            "restrictions.#": "0"
                        },
                        "meta": {},
                        "tainted": false
                    },
                    "deposed": [],
                    "provider": "provider.github"
                },
                "github_repository.repo": {
                    "type": "github_repository",
                    "depends_on": [],
                    "primary": {
                        "id": "verify-fabric",
                        "attributes": {
                            "allow_merge_commit": "true",
                            "allow_rebase_merge": "false",
                            "allow_squash_merge": "false",
                            "archived": "false",
                            "auto_init": "true",
                            "default_branch": "master",
                            "description": " Fabric for Verify ",
                            "etag": "W/\"d0cacb37878f346ba22ccffa3a54558c\"",
                            "full_name": "alphagov/verify-fabric",
                            "git_clone_url": "git://github.com/alphagov/verify-fabric.git",
                            "has_downloads": "false",
                            "has_issues": "true",
                            "has_wiki": "true",
                            "homepage_url": "",
                            "html_url": "https://github.com/alphagov/verify-fabric",
                            "http_clone_url": "https://github.com/alphagov/verify-fabric.git",
                            "id": "verify-fabric",
                            "name": "verify-fabric",
                            "private": "true",
                            "ssh_clone_url": "git@github.com:alphagov/verify-fabric.git",
                            "svn_url": "https://github.com/alphagov/verify-fabric",
                            "topics.#": "1",
                            "topics.2357015465": "verify"
                        },
                        "meta": {},
                        "tainted": false
                    },
                    "deposed": [],
                    "provider": "provider.github"
                },
                "github_team_repository.repo_team_push.0": {
                    "type": "github_team_repository",
                    "depends_on": [
                        "data.github_team.push_teams.*",
                        "github_repository.repo"
                    ],
                    "primary": {
                        "id": "2826122:verify-fabric",
                        "attributes": {
                            "etag": "W/\"44651481ea93a0d6ca1f8766a1b1b910\"",
                            "id": "2826122:verify-fabric",
                            "permission": "push",
                            "repository": "verify-fabric",
                            "team_id": "2826122"
                        },
                        "meta": {},
                        "tainted": false
                    },
                    "deposed": [],
                    "provider": "provider.github"
                },
                "github_team_repository.repo_team_push.1": {
                    "type": "github_team_repository",
                    "depends_on": [
                        "data.github_team.push_teams.*",
                        "github_repository.repo"
                    ],
                    "primary": {
                        "id": "2826127:verify-fabric",
                        "attributes": {
                            "etag": "W/\"44651481ea93a0d6ca1f8766a1b1b910\"",
                            "id": "2826127:verify-fabric",
                            "permission": "push",
                            "repository": "verify-fabric",
                            "team_id": "2826127"
                        },
                        "meta": {},
                        "tainted": false
                    },
                    "deposed": [],
                    "provider": "provider.github"
                }
            },
            "depends_on": []
        },
        {
            "path": [
                "root",
                "repo_verify_frontend"
            ],
            "outputs": {},
            "resources": {
                "github_branch_protection.repo_protect_master": {
                    "type": "github_branch_protection",
                    "depends_on": [],
                    "primary": {
                        "id": "verify-frontend:master",
                        "attributes": {
                            "branch": "master",
                            "enforce_admins": "false",
                            "etag": "W/\"3fa7c943a33a09335f9b2cb15d43a5dd\"",
                            "id": "verify-frontend:master",
                            "repository": "verify-frontend",
                            "required_pull_request_reviews.#": "1",
                            "required_pull_request_reviews.0.dismiss_stale_reviews": "true",
                            "required_pull_request_reviews.0.dismissal_teams.#": "0",
                            "required_pull_request_reviews.0.dismissal_users.#": "0",
                            "required_pull_request_reviews.0.include_admins": "false",
                            "required_pull_request_reviews.0.require_code_owner_reviews": "false",
                            "required_pull_request_reviews.0.required_approving_review_count": "2",
                            "required_status_checks.#": "0",
                            "restrictions.#": "0"
                        },
                        "meta": {},
                        "tainted": false
                    },
                    "deposed": [],
                    "provider": "provider.github"
                },
                "github_repository.repo": {
                    "type": "github_repository",
                    "depends_on": [],
                    "primary": {
                        "id": "verify-frontend",
                        "attributes": {
                            "allow_merge_commit": "true",
                            "allow_rebase_merge": "false",
                            "allow_squash_merge": "false",
                            "archived": "false",
                            "auto_init": "true",
                            "default_branch": "master",
                            "description": "The frontend service for GOV.UK Verify",
                            "etag": "W/\"593bb7180ee80bf428e09dfe9bc8ac60\"",
                            "full_name": "alphagov/verify-frontend",
                            "git_clone_url": "git://github.com/alphagov/verify-frontend.git",
                            "has_downloads": "false",
                            "has_issues": "true",
                            "has_wiki": "true",
                            "homepage_url": "",
                            "html_url": "https://github.com/alphagov/verify-frontend",
                            "http_clone_url": "https://github.com/alphagov/verify-frontend.git",
                            "id": "verify-frontend",
                            "name": "verify-frontend",
                            "private": "false",
                            "ssh_clone_url": "git@github.com:alphagov/verify-frontend.git",
                            "svn_url": "https://github.com/alphagov/verify-frontend",
                            "topics.#": "2",
                            "topics.2357015465": "verify",
                            "topics.2591869144": "frontend"
                        },
                        "meta": {},
                        "tainted": false
                    },
                    "deposed": [],
                    "provider": "provider.github"
                },
                "github_team_repository.repo_team_push": {
                    "type": "github_team_repository",
                    "depends_on": [
                        "data.github_team.push_teams.*",
                        "github_repository.repo"
                    ],
                    "primary": {
                        "id": "2826122:verify-frontend",
                        "attributes": {
                            "etag": "W/\"5a263cc756e72deaf6b80d5988a6f3f2\"",
                            "id": "2826122:verify-frontend",
                            "permission": "push",
                            "repository": "verify-frontend",
                            "team_id": "2826122"
                        },
                        "meta": {},
                        "tainted": false
                    },
                    "deposed": [],
                    "provider": "provider.github"
                }
            },
            "depends_on": []
        },
        {
            "path": [
                "root",
                "repo_verify_frontend_federation_config"
            ],
            "outputs": {},
            "resources": {
                "github_branch_protection.repo_protect_master": {
                    "type": "github_branch_protection",
                    "depends_on": [],
                    "primary": {
                        "id": "verify-frontend-federation-config:master",
                        "attributes": {
                            "branch": "master",
                            "enforce_admins": "false",
                            "etag": "W/\"9a079502627621fe54523523511f60be\"",
                            "id": "verify-frontend-federation-config:master",
                            "repository": "verify-frontend-federation-config",
                            "required_pull_request_reviews.#": "1",
                            "required_pull_request_reviews.0.dismiss_stale_reviews": "true",
                            "required_pull_request_reviews.0.dismissal_teams.#": "0",
                            "required_pull_request_reviews.0.dismissal_users.#": "0",
                            "required_pull_request_reviews.0.include_admins": "false",
                            "required_pull_request_reviews.0.require_code_owner_reviews": "false",
                            "required_pull_request_reviews.0.required_approving_review_count": "2",
                            "required_status_checks.#": "0",
                            "restrictions.#": "0"
                        },
                        "meta": {},
                        "tainted": false
                    },
                    "deposed": [],
                    "provider": "provider.github"
                },
                "github_repository.repo": {
                    "type": "github_repository",
                    "depends_on": [],
                    "primary": {
                        "id": "verify-frontend-federation-config",
                        "attributes": {
                            "allow_merge_commit": "true",
                            "allow_rebase_merge": "false",
                            "allow_squash_merge": "false",
                            "archived": "false",
                            "auto_init": "true",
                            "default_branch": "master",
                            "description": "Federation configuration for the Verify frontend",
                            "etag": "W/\"52a69dc5690fe15459467629eaf54b7b\"",
                            "full_name": "alphagov/verify-frontend-federation-config",
                            "git_clone_url": "git://github.com/alphagov/verify-frontend-federation-config.git",
                            "has_downloads": "false",
                            "has_issues": "true",
                            "has_wiki": "true",
                            "homepage_url": "",
                            "html_url": "https://github.com/alphagov/verify-frontend-federation-config",
                            "http_clone_url": "https://github.com/alphagov/verify-frontend-federation-config.git",
                            "id": "verify-frontend-federation-config",
                            "name": "verify-frontend-federation-config",
                            "private": "true",
                            "ssh_clone_url": "git@github.com:alphagov/verify-frontend-federation-config.git",
                            "svn_url": "https://github.com/alphagov/verify-frontend-federation-config",
                            "topics.#": "1",
                            "topics.2357015465": "verify"
                        },
                        "meta": {},
                        "tainted": false
                    },
                    "deposed": [],
                    "provider": "provider.github"
                },
                "github_team_repository.repo_team_push": {
                    "type": "github_team_repository",
                    "depends_on": [
                        "data.github_team.push_teams.*",
                        "github_repository.repo"
                    ],
                    "primary": {
                        "id": "2826122:verify-frontend-federation-config",
                        "attributes": {
                            "etag": "W/\"67b37510c4a5336e2d7bde4d480755da\"",
                            "id": "2826122:verify-frontend-federation-config",
                            "permission": "push",
                            "repository": "verify-frontend-federation-config",
                            "team_id": "2826122"
                        },
                        "meta": {},
                        "tainted": false
                    },
                    "deposed": [],
                    "provider": "provider.github"
                }
            },
            "depends_on": []
        },
        {
            "path": [
                "root",
                "repo_verify_german_eidas_middleware"
            ],
            "outputs": {},
            "resources": {
                "github_branch_protection.repo_protect_master": {
                    "type": "github_branch_protection",
                    "depends_on": [],
                    "primary": {
                        "id": "verify-german-eidas-middleware:master",
                        "attributes": {
                            "branch": "master",
                            "enforce_admins": "false",
                            "etag": "W/\"8933468116e1f51fbf9026d71c04bf7b\"",
                            "id": "verify-german-eidas-middleware:master",
                            "repository": "verify-german-eidas-middleware",
                            "required_pull_request_reviews.#": "1",
                            "required_pull_request_reviews.0.dismiss_stale_reviews": "true",
                            "required_pull_request_reviews.0.dismissal_teams.#": "0",
                            "required_pull_request_reviews.0.dismissal_users.#": "0",
                            "required_pull_request_reviews.0.include_admins": "false",
                            "required_pull_request_reviews.0.require_code_owner_reviews": "false",
                            "required_pull_request_reviews.0.required_approving_review_count": "2",
                            "required_status_checks.#": "0",
                            "restrictions.#": "0"
                        },
                        "meta": {},
                        "tainted": false
                    },
                    "deposed": [],
                    "provider": "provider.github"
                },
                "github_repository.repo": {
                    "type": "github_repository",
                    "depends_on": [],
                    "primary": {
                        "id": "verify-german-eidas-middleware",
                        "attributes": {
                            "allow_merge_commit": "true",
                            "allow_rebase_merge": "false",
                            "allow_squash_merge": "false",
                            "archived": "false",
                            "auto_init": "true",
                            "default_branch": "master",
                            "description": "",
                            "etag": "W/\"71bd475bc1f3633f432ca9bff840272f\"",
                            "full_name": "alphagov/verify-german-eidas-middleware",
                            "git_clone_url": "git://github.com/alphagov/verify-german-eidas-middleware.git",
                            "has_downloads": "false",
                            "has_issues": "true",
                            "has_wiki": "true",
                            "homepage_url": "",
                            "html_url": "https://github.com/alphagov/verify-german-eidas-middleware",
                            "http_clone_url": "https://github.com/alphagov/verify-german-eidas-middleware.git",
                            "id": "verify-german-eidas-middleware",
                            "name": "verify-german-eidas-middleware",
                            "private": "false",
                            "ssh_clone_url": "git@github.com:alphagov/verify-german-eidas-middleware.git",
                            "svn_url": "https://github.com/alphagov/verify-german-eidas-middleware",
                            "topics.#": "1",
                            "topics.2357015465": "verify"
                        },
                        "meta": {},
                        "tainted": false
                    },
                    "deposed": [],
                    "provider": "provider.github"
                },
                "github_team_repository.repo_team_push": {
                    "type": "github_team_repository",
                    "depends_on": [
                        "data.github_team.push_teams.*",
                        "github_repository.repo"
                    ],
                    "primary": {
                        "id": "2826126:verify-german-eidas-middleware",
                        "attributes": {
                            "etag": "W/\"b3c7bf1533f178f066c4eb57b1ede181\"",
                            "id": "2826126:verify-german-eidas-middleware",
                            "permission": "push",
                            "repository": "verify-german-eidas-middleware",
                            "team_id": "2826126"
                        },
                        "meta": {},
                        "tainted": false
                    },
                    "deposed": [],
                    "provider": "provider.github"
                }
            },
            "depends_on": []
        },
        {
            "path": [
                "root",
                "repo_verify_hub"
            ],
            "outputs": {},
            "resources": {
                "github_branch_protection.repo_protect_master": {
                    "type": "github_branch_protection",
                    "depends_on": [
                        "github_repository.repo"
                    ],
                    "primary": {
                        "id": "verify-hub:master",
                        "attributes": {
                            "branch": "master",
                            "enforce_admins": "false",
                            "etag": "W/\"ff4a5969015f3776e85d9c404fe685f9\"",
                            "id": "verify-hub:master",
                            "repository": "verify-hub",
                            "required_pull_request_reviews.#": "1",
                            "required_pull_request_reviews.0.dismiss_stale_reviews": "true",
                            "required_pull_request_reviews.0.dismissal_teams.#": "0",
                            "required_pull_request_reviews.0.dismissal_users.#": "0",
                            "required_pull_request_reviews.0.include_admins": "false",
                            "required_pull_request_reviews.0.require_code_owner_reviews": "false",
                            "required_pull_request_reviews.0.required_approving_review_count": "2",
                            "required_status_checks.#": "0",
                            "restrictions.#": "0"
                        },
                        "meta": {},
                        "tainted": false
                    },
                    "deposed": [],
                    "provider": "provider.github"
                },
                "github_repository.repo": {
                    "type": "github_repository",
                    "depends_on": [],
                    "primary": {
                        "id": "verify-hub",
                        "attributes": {
                            "allow_merge_commit": "true",
                            "allow_rebase_merge": "false",
                            "allow_squash_merge": "false",
                            "archived": "false",
                            "auto_init": "true",
                            "default_branch": "master",
                            "description": "Verify Hub Microservices",
                            "etag": "W/\"54e5c71c6cff5942bd0952d0126b0e79\"",
                            "full_name": "alphagov/verify-hub",
                            "git_clone_url": "git://github.com/alphagov/verify-hub.git",
                            "has_downloads": "false",
                            "has_issues": "true",
                            "has_wiki": "true",
                            "homepage_url": "",
                            "html_url": "https://github.com/alphagov/verify-hub",
                            "http_clone_url": "https://github.com/alphagov/verify-hub.git",
                            "id": "verify-hub",
                            "name": "verify-hub",
                            "private": "false",
                            "ssh_clone_url": "git@github.com:alphagov/verify-hub.git",
                            "svn_url": "https://github.com/alphagov/verify-hub",
                            "topics.#": "1",
                            "topics.2357015465": "verify"
                        },
                        "meta": {},
                        "tainted": false
                    },
                    "deposed": [],
                    "provider": "provider.github"
                },
                "github_team_repository.repo_team_push": {
                    "type": "github_team_repository",
                    "depends_on": [
                        "data.github_team.teams.*",
                        "github_repository.repo"
                    ],
                    "primary": {
                        "id": "2826122:verify-hub",
                        "attributes": {
                            "etag": "W/\"b1b40c072a564bb3e1b574077fbe5705\"",
                            "id": "2826122:verify-hub",
                            "permission": "push",
                            "repository": "verify-hub",
                            "team_id": "2826122"
                        },
                        "meta": {},
                        "tainted": false
                    },
                    "deposed": [],
                    "provider": "provider.github"
                }
            },
            "depends_on": []
        },
        {
            "path": [
                "root",
                "repo_verify_hub_federation_config"
            ],
            "outputs": {},
            "resources": {
                "github_branch_protection.repo_protect_master": {
                    "type": "github_branch_protection",
                    "depends_on": [],
                    "primary": {
                        "id": "verify-hub-federation-config:master",
                        "attributes": {
                            "branch": "master",
                            "enforce_admins": "false",
                            "etag": "W/\"f2aa4b502855275e0aeeb4b27f4edf53\"",
                            "id": "verify-hub-federation-config:master",
                            "repository": "verify-hub-federation-config",
                            "required_pull_request_reviews.#": "1",
                            "required_pull_request_reviews.0.dismiss_stale_reviews": "true",
                            "required_pull_request_reviews.0.dismissal_teams.#": "0",
                            "required_pull_request_reviews.0.dismissal_users.#": "0",
                            "required_pull_request_reviews.0.include_admins": "false",
                            "required_pull_request_reviews.0.require_code_owner_reviews": "false",
                            "required_pull_request_reviews.0.required_approving_review_count": "2",
                            "required_status_checks.#": "0",
                            "restrictions.#": "0"
                        },
                        "meta": {},
                        "tainted": false
                    },
                    "deposed": [],
                    "provider": "provider.github"
                },
                "github_repository.repo": {
                    "type": "github_repository",
                    "depends_on": [],
                    "primary": {
                        "id": "verify-hub-federation-config",
                        "attributes": {
                            "allow_merge_commit": "true",
                            "allow_rebase_merge": "false",
                            "allow_squash_merge": "false",
                            "archived": "false",
                            "auto_init": "true",
                            "default_branch": "master",
                            "description": "Verify Hub federation configuration",
                            "etag": "W/\"31bcfb5d14c05223c5f511f2422deaef\"",
                            "full_name": "alphagov/verify-hub-federation-config",
                            "git_clone_url": "git://github.com/alphagov/verify-hub-federation-config.git",
                            "has_downloads": "false",
                            "has_issues": "true",
                            "has_wiki": "true",
                            "homepage_url": "",
                            "html_url": "https://github.com/alphagov/verify-hub-federation-config",
                            "http_clone_url": "https://github.com/alphagov/verify-hub-federation-config.git",
                            "id": "verify-hub-federation-config",
                            "name": "verify-hub-federation-config",
                            "private": "true",
                            "ssh_clone_url": "git@github.com:alphagov/verify-hub-federation-config.git",
                            "svn_url": "https://github.com/alphagov/verify-hub-federation-config",
                            "topics.#": "1",
                            "topics.2357015465": "verify"
                        },
                        "meta": {},
                        "tainted": false
                    },
                    "deposed": [],
                    "provider": "provider.github"
                },
                "github_team_repository.repo_team_push": {
                    "type": "github_team_repository",
                    "depends_on": [
                        "data.github_team.teams.*",
                        "github_repository.repo"
                    ],
                    "primary": {
                        "id": "2826122:verify-hub-federation-config",
                        "attributes": {
                            "etag": "W/\"f5a52d319c0a0745a5d9c19378d02f0c\"",
                            "id": "2826122:verify-hub-federation-config",
                            "permission": "push",
                            "repository": "verify-hub-federation-config",
                            "team_id": "2826122"
                        },
                        "meta": {},
                        "tainted": false
                    },
                    "deposed": [],
                    "provider": "provider.github"
                }
            },
            "depends_on": []
        },
        {
            "path": [
                "root",
                "repo_verify_idp_pid_hasherator"
            ],
            "outputs": {},
            "resources": {
                "github_branch_protection.repo_protect_master": {
                    "type": "github_branch_protection",
                    "depends_on": [
                        "github_repository.repo"
                    ],
                    "primary": {
                        "id": "verify-idp-pid-hasherator:master",
                        "attributes": {
                            "branch": "master",
                            "enforce_admins": "false",
                            "etag": "W/\"1be9df8ea5fa773e868c50252111f0ca\"",
                            "id": "verify-idp-pid-hasherator:master",
                            "repository": "verify-idp-pid-hasherator",
                            "required_pull_request_reviews.#": "1",
                            "required_pull_request_reviews.0.dismiss_stale_reviews": "true",
                            "required_pull_request_reviews.0.dismissal_teams.#": "0",
                            "required_pull_request_reviews.0.dismissal_users.#": "0",
                            "required_pull_request_reviews.0.include_admins": "false",
                            "required_pull_request_reviews.0.require_code_owner_reviews": "false",
                            "required_pull_request_reviews.0.required_approving_review_count": "2",
                            "required_status_checks.#": "0",
                            "restrictions.#": "0"
                        },
                        "meta": {},
                        "tainted": false
                    },
                    "deposed": [],
                    "provider": "provider.github"
                },
                "github_repository.repo": {
                    "type": "github_repository",
                    "depends_on": [],
                    "primary": {
                        "id": "verify-idp-pid-hasherator",
                        "attributes": {
                            "allow_merge_commit": "true",
                            "allow_rebase_merge": "false",
                            "allow_squash_merge": "false",
                            "archived": "false",
                            "default_branch": "master",
                            "description": "Hash event PIDs from IDP reports for reconciliation",
                            "etag": "W/\"2d7154b5b37714ae629613a2e1127b24\"",
                            "full_name": "alphagov/verify-idp-pid-hasherator",
                            "git_clone_url": "git://github.com/alphagov/verify-idp-pid-hasherator.git",
                            "has_downloads": "false",
                            "has_issues": "true",
                            "has_wiki": "true",
                            "homepage_url": "",
                            "html_url": "https://github.com/alphagov/verify-idp-pid-hasherator",
                            "http_clone_url": "https://github.com/alphagov/verify-idp-pid-hasherator.git",
                            "id": "verify-idp-pid-hasherator",
                            "name": "verify-idp-pid-hasherator",
                            "private": "false",
                            "ssh_clone_url": "git@github.com:alphagov/verify-idp-pid-hasherator.git",
                            "svn_url": "https://github.com/alphagov/verify-idp-pid-hasherator",
                            "topics.#": "0"
                        },
                        "meta": {},
                        "tainted": false
                    },
                    "deposed": [],
                    "provider": "provider.github"
                },
                "github_team_repository.repo_team_push": {
                    "type": "github_team_repository",
                    "depends_on": [
                        "github_repository.repo"
                    ],
                    "primary": {
                        "id": "2826122:verify-idp-pid-hasherator",
                        "attributes": {
                            "etag": "W/\"0267c8c3a4f1fd56f7ec1fe5ba213b74\"",
                            "id": "2826122:verify-idp-pid-hasherator",
                            "permission": "push",
                            "repository": "verify-idp-pid-hasherator",
                            "team_id": "2826122"
                        },
                        "meta": {},
                        "tainted": false
                    },
                    "deposed": [],
                    "provider": "provider.github"
                }
            },
            "depends_on": []
        },
        {
            "path": [
                "root",
                "repo_verify_idp_predictor"
            ],
            "outputs": {},
            "resources": {
                "github_branch_protection.repo_protect_master": {
                    "type": "github_branch_protection",
                    "depends_on": [
                        "github_repository.repo"
                    ],
                    "primary": {
                        "id": "verify-idp-predictor:master",
                        "attributes": {
                            "branch": "master",
                            "enforce_admins": "false",
                            "etag": "W/\"7b2508ec35840f8e93ce63c8bd76adfb\"",
                            "id": "verify-idp-predictor:master",
                            "repository": "verify-idp-predictor",
                            "required_pull_request_reviews.#": "1",
                            "required_pull_request_reviews.0.dismiss_stale_reviews": "true",
                            "required_pull_request_reviews.0.dismissal_teams.#": "0",
                            "required_pull_request_reviews.0.dismissal_users.#": "0",
                            "required_pull_request_reviews.0.include_admins": "false",
                            "required_pull_request_reviews.0.require_code_owner_reviews": "false",
                            "required_pull_request_reviews.0.required_approving_review_count": "2",
                            "required_status_checks.#": "0",
                            "restrictions.#": "0"
                        },
                        "meta": {},
                        "tainted": false
                    },
                    "deposed": [],
                    "provider": "provider.github"
                },
                "github_repository.repo": {
                    "type": "github_repository",
                    "depends_on": [],
                    "primary": {
                        "id": "verify-idp-predictor",
                        "attributes": {
                            "allow_merge_commit": "true",
                            "allow_rebase_merge": "false",
                            "allow_squash_merge": "false",
                            "archived": "false",
                            "default_branch": "master",
                            "description": "The IDP Predictor for GOV.UK Verify.",
                            "etag": "W/\"13691e4ae0b1363b438bb425667fec0c\"",
                            "full_name": "alphagov/verify-idp-predictor",
                            "git_clone_url": "git://github.com/alphagov/verify-idp-predictor.git",
                            "has_downloads": "false",
                            "has_issues": "true",
                            "has_wiki": "true",
                            "homepage_url": "",
                            "html_url": "https://github.com/alphagov/verify-idp-predictor",
                            "http_clone_url": "https://github.com/alphagov/verify-idp-predictor.git",
                            "id": "verify-idp-predictor",
                            "name": "verify-idp-predictor",
                            "private": "true",
                            "ssh_clone_url": "git@github.com:alphagov/verify-idp-predictor.git",
                            "svn_url": "https://github.com/alphagov/verify-idp-predictor",
                            "topics.#": "0"
                        },
                        "meta": {},
                        "tainted": false
                    },
                    "deposed": [],
                    "provider": "provider.github"
                },
                "github_team_repository.repo_team_push": {
                    "type": "github_team_repository",
                    "depends_on": [
                        "data.github_team.push_teams.*",
                        "github_repository.repo"
                    ],
                    "primary": {
                        "id": "2826122:verify-idp-predictor",
                        "attributes": {
                            "etag": "W/\"282ec8eeaa4ae69d10d3d5a981de3787\"",
                            "id": "2826122:verify-idp-predictor",
                            "permission": "push",
                            "repository": "verify-idp-predictor",
                            "team_id": "2826122"
                        },
                        "meta": {},
                        "tainted": false
                    },
                    "deposed": [],
                    "provider": "provider.github"
                }
            },
            "depends_on": []
        },
        {
            "path": [
                "root",
                "repo_verify_il3_laptop_bootstrap"
            ],
            "outputs": {},
            "resources": {
                "github_branch_protection.repo_protect_master": {
                    "type": "github_branch_protection",
                    "depends_on": [
                        "github_repository.repo"
                    ],
                    "primary": {
                        "id": "verify-il3-laptop-bootstrap:master",
                        "attributes": {
                            "branch": "master",
                            "enforce_admins": "false",
                            "etag": "W/\"fd5a12ffc475acbe6db95b6a0b7c3ec3\"",
                            "id": "verify-il3-laptop-bootstrap:master",
                            "repository": "verify-il3-laptop-bootstrap",
                            "required_pull_request_reviews.#": "1",
                            "required_pull_request_reviews.0.dismiss_stale_reviews": "true",
                            "required_pull_request_reviews.0.dismissal_teams.#": "0",
                            "required_pull_request_reviews.0.dismissal_users.#": "0",
                            "required_pull_request_reviews.0.include_admins": "false",
                            "required_pull_request_reviews.0.require_code_owner_reviews": "false",
                            "required_pull_request_reviews.0.required_approving_review_count": "2",
                            "required_status_checks.#": "0",
                            "restrictions.#": "0"
                        },
                        "meta": {},
                        "tainted": false
                    },
                    "deposed": [],
                    "provider": "provider.github"
                },
                "github_repository.repo": {
                    "type": "github_repository",
                    "depends_on": [],
                    "primary": {
                        "id": "verify-il3-laptop-bootstrap",
                        "attributes": {
                            "allow_merge_commit": "true",
                            "allow_rebase_merge": "false",
                            "allow_squash_merge": "false",
                            "archived": "false",
                            "auto_init": "true",
                            "default_branch": "master",
                            "description": "A simple set of shell scripts to set up a secure build laptop for Verify",
                            "etag": "W/\"d64add8b4c2193c13b8b55188600161f\"",
                            "full_name": "alphagov/verify-il3-laptop-bootstrap",
                            "git_clone_url": "git://github.com/alphagov/verify-il3-laptop-bootstrap.git",
                            "has_downloads": "false",
                            "has_issues": "true",
                            "has_wiki": "true",
                            "homepage_url": "",
                            "html_url": "https://github.com/alphagov/verify-il3-laptop-bootstrap",
                            "http_clone_url": "https://github.com/alphagov/verify-il3-laptop-bootstrap.git",
                            "id": "verify-il3-laptop-bootstrap",
                            "name": "verify-il3-laptop-bootstrap",
                            "private": "true",
                            "ssh_clone_url": "git@github.com:alphagov/verify-il3-laptop-bootstrap.git",
                            "svn_url": "https://github.com/alphagov/verify-il3-laptop-bootstrap",
                            "topics.#": "1",
                            "topics.2357015465": "verify"
                        },
                        "meta": {},
                        "tainted": false
                    },
                    "deposed": [],
                    "provider": "provider.github"
                },
                "github_team_repository.repo_team_push.0": {
                    "type": "github_team_repository",
                    "depends_on": [
                        "data.github_team.push_teams.*",
                        "github_repository.repo"
                    ],
                    "primary": {
                        "id": "2826122:verify-il3-laptop-bootstrap",
                        "attributes": {
                            "etag": "W/\"3093bb6c5a1b828e18ad91451450f541\"",
                            "id": "2826122:verify-il3-laptop-bootstrap",
                            "permission": "push",
                            "repository": "verify-il3-laptop-bootstrap",
                            "team_id": "2826122"
                        },
                        "meta": {},
                        "tainted": false
                    },
                    "deposed": [],
                    "provider": "provider.github"
                },
                "github_team_repository.repo_team_push.1": {
                    "type": "github_team_repository",
                    "depends_on": [
                        "data.github_team.push_teams.*",
                        "github_repository.repo"
                    ],
                    "primary": {
                        "id": "2826127:verify-il3-laptop-bootstrap",
                        "attributes": {
                            "etag": "W/\"3093bb6c5a1b828e18ad91451450f541\"",
                            "id": "2826127:verify-il3-laptop-bootstrap",
                            "permission": "push",
                            "repository": "verify-il3-laptop-bootstrap",
                            "team_id": "2826127"
                        },
                        "meta": {},
                        "tainted": false
                    },
                    "deposed": [],
                    "provider": "provider.github"
                }
            },
            "depends_on": []
        },
        {
            "path": [
                "root",
                "repo_verify_infrastructure"
            ],
            "outputs": {},
            "resources": {
                "github_branch_protection.repo_protect_master": {
                    "type": "github_branch_protection",
                    "depends_on": [
                        "github_repository.repo"
                    ],
                    "primary": {
                        "id": "verify-infrastructure:master",
                        "attributes": {
                            "branch": "master",
                            "enforce_admins": "false",
                            "etag": "W/\"2793d6d90a84e6250bcc7884f2930071\"",
                            "id": "verify-infrastructure:master",
                            "repository": "verify-infrastructure",
                            "required_pull_request_reviews.#": "1",
                            "required_pull_request_reviews.0.dismiss_stale_reviews": "true",
                            "required_pull_request_reviews.0.dismissal_teams.#": "0",
                            "required_pull_request_reviews.0.dismissal_users.#": "0",
                            "required_pull_request_reviews.0.include_admins": "false",
                            "required_pull_request_reviews.0.require_code_owner_reviews": "false",
                            "required_pull_request_reviews.0.required_approving_review_count": "2",
                            "required_status_checks.#": "0",
                            "restrictions.#": "0"
                        },
                        "meta": {},
                        "tainted": false
                    },
                    "deposed": [],
                    "provider": "provider.github"
                },
                "github_repository.repo": {
                    "type": "github_repository",
                    "depends_on": [],
                    "primary": {
                        "id": "verify-infrastructure",
                        "attributes": {
                            "allow_merge_commit": "true",
                            "allow_rebase_merge": "false",
                            "allow_squash_merge": "false",
                            "archived": "false",
                            "default_branch": "master",
                            "description": "Infrastructure code for Verify Hub ECS",
                            "etag": "W/\"1346a6f3b6e093eb7db2503d5089070d\"",
                            "full_name": "alphagov/verify-infrastructure",
                            "git_clone_url": "git://github.com/alphagov/verify-infrastructure.git",
                            "has_downloads": "false",
                            "has_issues": "true",
                            "has_wiki": "true",
                            "homepage_url": "",
                            "html_url": "https://github.com/alphagov/verify-infrastructure",
                            "http_clone_url": "https://github.com/alphagov/verify-infrastructure.git",
                            "id": "verify-infrastructure",
                            "name": "verify-infrastructure",
                            "private": "false",
                            "ssh_clone_url": "git@github.com:alphagov/verify-infrastructure.git",
                            "svn_url": "https://github.com/alphagov/verify-infrastructure",
                            "topics.#": "0"
                        },
                        "meta": {},
                        "tainted": false
                    },
                    "deposed": [],
                    "provider": "provider.github"
                },
                "github_team_repository.repo_team_push.0": {
                    "type": "github_team_repository",
                    "depends_on": [
                        "data.github_team.push_teams.*",
                        "github_repository.repo"
                    ],
                    "primary": {
                        "id": "2826122:verify-infrastructure",
                        "attributes": {
                            "etag": "W/\"1c74b5f70417baeb2c630c58782ea781\"",
                            "id": "2826122:verify-infrastructure",
                            "permission": "push",
                            "repository": "verify-infrastructure",
                            "team_id": "2826122"
                        },
                        "meta": {},
                        "tainted": false
                    },
                    "deposed": [],
                    "provider": "provider.github"
                },
                "github_team_repository.repo_team_push.1": {
                    "type": "github_team_repository",
                    "depends_on": [
                        "data.github_team.push_teams.*",
                        "github_repository.repo"
                    ],
                    "primary": {
                        "id": "2826127:verify-infrastructure",
                        "attributes": {
                            "etag": "W/\"1c74b5f70417baeb2c630c58782ea781\"",
                            "id": "2826127:verify-infrastructure",
                            "permission": "push",
                            "repository": "verify-infrastructure",
                            "team_id": "2826127"
                        },
                        "meta": {},
                        "tainted": false
                    },
                    "deposed": [],
                    "provider": "provider.github"
                }
            },
            "depends_on": []
        },
        {
            "path": [
                "root",
                "repo_verify_infrastructure_config"
            ],
            "outputs": {},
            "resources": {
                "github_branch_protection.repo_protect_master": {
                    "type": "github_branch_protection",
                    "depends_on": [
                        "github_repository.repo"
                    ],
                    "primary": {
                        "id": "verify-infrastructure-config:master",
                        "attributes": {
                            "branch": "master",
                            "enforce_admins": "false",
                            "etag": "W/\"dcddeaa8a65eccc7a42f309a4a2d1287\"",
                            "id": "verify-infrastructure-config:master",
                            "repository": "verify-infrastructure-config",
                            "required_pull_request_reviews.#": "1",
                            "required_pull_request_reviews.0.dismiss_stale_reviews": "true",
                            "required_pull_request_reviews.0.dismissal_teams.#": "0",
                            "required_pull_request_reviews.0.dismissal_users.#": "0",
                            "required_pull_request_reviews.0.include_admins": "false",
                            "required_pull_request_reviews.0.require_code_owner_reviews": "false",
                            "required_pull_request_reviews.0.required_approving_review_count": "2",
                            "required_status_checks.#": "0",
                            "restrictions.#": "0"
                        },
                        "meta": {},
                        "tainted": false
                    },
                    "deposed": [],
                    "provider": "provider.github"
                },
                "github_repository.repo": {
                    "type": "github_repository",
                    "depends_on": [],
                    "primary": {
                        "id": "verify-infrastructure-config",
                        "attributes": {
                            "allow_merge_commit": "true",
                            "allow_rebase_merge": "false",
                            "allow_squash_merge": "false",
                            "archived": "false",
                            "default_branch": "master",
                            "description": "ECS Hub Config (including the CI/CD pipeline)",
                            "etag": "W/\"7e3bef11b2fb75dd701d8370fcba50d8\"",
                            "full_name": "alphagov/verify-infrastructure-config",
                            "git_clone_url": "git://github.com/alphagov/verify-infrastructure-config.git",
                            "has_downloads": "false",
                            "has_issues": "true",
                            "has_wiki": "true",
                            "homepage_url": "",
                            "html_url": "https://github.com/alphagov/verify-infrastructure-config",
                            "http_clone_url": "https://github.com/alphagov/verify-infrastructure-config.git",
                            "id": "verify-infrastructure-config",
                            "name": "verify-infrastructure-config",
                            "private": "true",
                            "ssh_clone_url": "git@github.com:alphagov/verify-infrastructure-config.git",
                            "svn_url": "https://github.com/alphagov/verify-infrastructure-config",
                            "topics.#": "0"
                        },
                        "meta": {},
                        "tainted": false
                    },
                    "deposed": [],
                    "provider": "provider.github"
                },
                "github_team_repository.repo_team_push.0": {
                    "type": "github_team_repository",
                    "depends_on": [
                        "data.github_team.push_teams.*",
                        "github_repository.repo"
                    ],
                    "primary": {
                        "id": "2826122:verify-infrastructure-config",
                        "attributes": {
                            "etag": "W/\"5459cd0c13af962e3bd2a9e23b6ab4ca\"",
                            "id": "2826122:verify-infrastructure-config",
                            "permission": "push",
                            "repository": "verify-infrastructure-config",
                            "team_id": "2826122"
                        },
                        "meta": {},
                        "tainted": false
                    },
                    "deposed": [],
                    "provider": "provider.github"
                },
                "github_team_repository.repo_team_push.1": {
                    "type": "github_team_repository",
                    "depends_on": [
                        "data.github_team.push_teams.*",
                        "github_repository.repo"
                    ],
                    "primary": {
                        "id": "2826127:verify-infrastructure-config",
                        "attributes": {
                            "etag": "W/\"5459cd0c13af962e3bd2a9e23b6ab4ca\"",
                            "id": "2826127:verify-infrastructure-config",
                            "permission": "push",
                            "repository": "verify-infrastructure-config",
                            "team_id": "2826127"
                        },
                        "meta": {},
                        "tainted": false
                    },
                    "deposed": [],
                    "provider": "provider.github"
                }
            },
            "depends_on": []
        },
        {
            "path": [
                "root",
                "repo_verify_jenkins_job_builder"
            ],
            "outputs": {},
            "resources": {
                "github_branch_protection.repo_protect_master": {
                    "type": "github_branch_protection",
                    "depends_on": [],
                    "primary": {
                        "id": "verify-jenkins-job-builder:master",
                        "attributes": {
                            "branch": "master",
                            "enforce_admins": "false",
                            "etag": "W/\"686677479c4e361dc5365f15d702ef28\"",
                            "id": "verify-jenkins-job-builder:master",
                            "repository": "verify-jenkins-job-builder",
                            "required_pull_request_reviews.#": "1",
                            "required_pull_request_reviews.0.dismiss_stale_reviews": "true",
                            "required_pull_request_reviews.0.dismissal_teams.#": "0",
                            "required_pull_request_reviews.0.dismissal_users.#": "0",
                            "required_pull_request_reviews.0.include_admins": "false",
                            "required_pull_request_reviews.0.require_code_owner_reviews": "false",
                            "required_pull_request_reviews.0.required_approving_review_count": "2",
                            "required_status_checks.#": "0",
                            "restrictions.#": "0"
                        },
                        "meta": {},
                        "tainted": false
                    },
                    "deposed": [],
                    "provider": "provider.github"
                },
                "github_repository.repo": {
                    "type": "github_repository",
                    "depends_on": [],
                    "primary": {
                        "id": "verify-jenkins-job-builder",
                        "attributes": {
                            "allow_merge_commit": "true",
                            "allow_rebase_merge": "false",
                            "allow_squash_merge": "false",
                            "archived": "false",
                            "auto_init": "true",
                            "default_branch": "master",
                            "description": "Verify Jenkins Job Builder configuration",
                            "etag": "W/\"e81ca3070994e8fb11e8fa5e82d4a55e\"",
                            "full_name": "alphagov/verify-jenkins-job-builder",
                            "git_clone_url": "git://github.com/alphagov/verify-jenkins-job-builder.git",
                            "has_downloads": "false",
                            "has_issues": "true",
                            "has_wiki": "true",
                            "homepage_url": "",
                            "html_url": "https://github.com/alphagov/verify-jenkins-job-builder",
                            "http_clone_url": "https://github.com/alphagov/verify-jenkins-job-builder.git",
                            "id": "verify-jenkins-job-builder",
                            "name": "verify-jenkins-job-builder",
                            "private": "true",
                            "ssh_clone_url": "git@github.com:alphagov/verify-jenkins-job-builder.git",
                            "svn_url": "https://github.com/alphagov/verify-jenkins-job-builder",
                            "topics.#": "1",
                            "topics.2357015465": "verify"
                        },
                        "meta": {},
                        "tainted": false
                    },
                    "deposed": [],
                    "provider": "provider.github"
                },
                "github_team_repository.repo_team_push.0": {
                    "type": "github_team_repository",
                    "depends_on": [
                        "data.github_team.push_teams.*",
                        "github_repository.repo"
                    ],
                    "primary": {
                        "id": "2826122:verify-jenkins-job-builder",
                        "attributes": {
                            "etag": "W/\"6b782ead81af1c40fbff63c18a066f54\"",
                            "id": "2826122:verify-jenkins-job-builder",
                            "permission": "push",
                            "repository": "verify-jenkins-job-builder",
                            "team_id": "2826122"
                        },
                        "meta": {},
                        "tainted": false
                    },
                    "deposed": [],
                    "provider": "provider.github"
                },
                "github_team_repository.repo_team_push.1": {
                    "type": "github_team_repository",
                    "depends_on": [
                        "data.github_team.push_teams.*",
                        "github_repository.repo"
                    ],
                    "primary": {
                        "id": "2826127:verify-jenkins-job-builder",
                        "attributes": {
                            "etag": "W/\"6b782ead81af1c40fbff63c18a066f54\"",
                            "id": "2826127:verify-jenkins-job-builder",
                            "permission": "push",
                            "repository": "verify-jenkins-job-builder",
                            "team_id": "2826127"
                        },
                        "meta": {},
                        "tainted": false
                    },
                    "deposed": [],
                    "provider": "provider.github"
                }
            },
            "depends_on": []
        },
        {
            "path": [
                "root",
                "repo_verify_local_matching_service_example"
            ],
            "outputs": {},
            "resources": {
                "github_branch_protection.repo_protect_master": {
                    "type": "github_branch_protection",
                    "depends_on": [],
                    "primary": {
                        "id": "verify-local-matching-service-example:master",
                        "attributes": {
                            "branch": "master",
                            "enforce_admins": "false",
                            "etag": "W/\"302d22bd3a505f35dd2f94da3e45f9ec\"",
                            "id": "verify-local-matching-service-example:master",
                            "repository": "verify-local-matching-service-example",
                            "required_pull_request_reviews.#": "1",
                            "required_pull_request_reviews.0.dismiss_stale_reviews": "true",
                            "required_pull_request_reviews.0.dismissal_teams.#": "0",
                            "required_pull_request_reviews.0.dismissal_users.#": "0",
                            "required_pull_request_reviews.0.include_admins": "false",
                            "required_pull_request_reviews.0.require_code_owner_reviews": "false",
                            "required_pull_request_reviews.0.required_approving_review_count": "2",
                            "required_status_checks.#": "0",
                            "restrictions.#": "0"
                        },
                        "meta": {},
                        "tainted": false
                    },
                    "deposed": [],
                    "provider": "provider.github"
                },
                "github_repository.repo": {
                    "type": "github_repository",
                    "depends_on": [],
                    "primary": {
                        "id": "verify-local-matching-service-example",
                        "attributes": {
                            "allow_merge_commit": "true",
                            "allow_rebase_merge": "false",
                            "allow_squash_merge": "false",
                            "archived": "false",
                            "auto_init": "true",
                            "default_branch": "master",
                            "description": "",
                            "etag": "W/\"c83a8eaa1ae6f853bbb2d91795993de1\"",
                            "full_name": "alphagov/verify-local-matching-service-example",
                            "git_clone_url": "git://github.com/alphagov/verify-local-matching-service-example.git",
                            "has_downloads": "false",
                            "has_issues": "true",
                            "has_wiki": "true",
                            "homepage_url": "",
                            "html_url": "https://github.com/alphagov/verify-local-matching-service-example",
                            "http_clone_url": "https://github.com/alphagov/verify-local-matching-service-example.git",
                            "id": "verify-local-matching-service-example",
                            "name": "verify-local-matching-service-example",
                            "private": "false",
                            "ssh_clone_url": "git@github.com:alphagov/verify-local-matching-service-example.git",
                            "svn_url": "https://github.com/alphagov/verify-local-matching-service-example",
                            "topics.#": "1",
                            "topics.2357015465": "verify"
                        },
                        "meta": {},
                        "tainted": false
                    },
                    "deposed": [],
                    "provider": "provider.github"
                },
                "github_team_repository.repo_team_push": {
                    "type": "github_team_repository",
                    "depends_on": [
                        "data.github_team.push_teams.*",
                        "github_repository.repo"
                    ],
                    "primary": {
                        "id": "2826122:verify-local-matching-service-example",
                        "attributes": {
                            "etag": "W/\"85463d465d7b40b5526ba99bf81fbcfe\"",
                            "id": "2826122:verify-local-matching-service-example",
                            "permission": "push",
                            "repository": "verify-local-matching-service-example",
                            "team_id": "2826122"
                        },
                        "meta": {},
                        "tainted": false
                    },
                    "deposed": [],
                    "provider": "provider.github"
                }
            },
            "depends_on": []
        },
        {
            "path": [
                "root",
                "repo_verify_local_startup"
            ],
            "outputs": {},
            "resources": {
                "github_branch_protection.repo_protect_master": {
                    "type": "github_branch_protection",
                    "depends_on": [
                        "github_repository.repo"
                    ],
                    "primary": {
                        "id": "verify-local-startup:master",
                        "attributes": {
                            "branch": "master",
                            "enforce_admins": "false",
                            "etag": "W/\"5b40526d53f98a831bc39c4dde76e9fd\"",
                            "id": "verify-local-startup:master",
                            "repository": "verify-local-startup",
                            "required_pull_request_reviews.#": "1",
                            "required_pull_request_reviews.0.dismiss_stale_reviews": "true",
                            "required_pull_request_reviews.0.dismissal_teams.#": "0",
                            "required_pull_request_reviews.0.dismissal_users.#": "0",
                            "required_pull_request_reviews.0.include_admins": "false",
                            "required_pull_request_reviews.0.require_code_owner_reviews": "false",
                            "required_pull_request_reviews.0.required_approving_review_count": "2",
                            "required_status_checks.#": "0",
                            "restrictions.#": "0"
                        },
                        "meta": {},
                        "tainted": false
                    },
                    "deposed": [],
                    "provider": "provider.github"
                },
                "github_repository.repo": {
                    "type": "github_repository",
                    "depends_on": [],
                    "primary": {
                        "id": "verify-local-startup",
                        "attributes": {
                            "allow_merge_commit": "true",
                            "allow_rebase_merge": "false",
                            "allow_squash_merge": "false",
                            "archived": "false",
                            "default_branch": "master",
                            "description": "Utilities to run the Verify Hub and stubs locally",
                            "etag": "W/\"0ca67a45d2a52ee569796e729e2a7aa5\"",
                            "full_name": "alphagov/verify-local-startup",
                            "git_clone_url": "git://github.com/alphagov/verify-local-startup.git",
                            "has_downloads": "false",
                            "has_issues": "true",
                            "has_wiki": "true",
                            "homepage_url": "",
                            "html_url": "https://github.com/alphagov/verify-local-startup",
                            "http_clone_url": "https://github.com/alphagov/verify-local-startup.git",
                            "id": "verify-local-startup",
                            "name": "verify-local-startup",
                            "private": "false",
                            "ssh_clone_url": "git@github.com:alphagov/verify-local-startup.git",
                            "svn_url": "https://github.com/alphagov/verify-local-startup",
                            "topics.#": "1",
                            "topics.2357015465": "verify"
                        },
                        "meta": {},
                        "tainted": false
                    },
                    "deposed": [],
                    "provider": "provider.github"
                },
                "github_team_repository.repo_team_push": {
                    "type": "github_team_repository",
                    "depends_on": [
                        "github_repository.repo"
                    ],
                    "primary": {
                        "id": "2826122:verify-local-startup",
                        "attributes": {
                            "etag": "W/\"19f29b9f859ec227193aa29eb128845b\"",
                            "id": "2826122:verify-local-startup",
                            "permission": "push",
                            "repository": "verify-local-startup",
                            "team_id": "2826122"
                        },
                        "meta": {},
                        "tainted": false
                    },
                    "deposed": [],
                    "provider": "provider.github"
                }
            },
            "depends_on": []
        },
        {
            "path": [
                "root",
                "repo_verify_matching_service_adapter"
            ],
            "outputs": {},
            "resources": {
                "github_branch_protection.repo_protect_master": {
                    "type": "github_branch_protection",
                    "depends_on": [],
                    "primary": {
                        "id": "verify-matching-service-adapter:master",
                        "attributes": {
                            "branch": "master",
                            "enforce_admins": "false",
                            "etag": "W/\"1190e63976cd2d91e6f208d26752c4d1\"",
                            "id": "verify-matching-service-adapter:master",
                            "repository": "verify-matching-service-adapter",
                            "required_pull_request_reviews.#": "1",
                            "required_pull_request_reviews.0.dismiss_stale_reviews": "true",
                            "required_pull_request_reviews.0.dismissal_teams.#": "0",
                            "required_pull_request_reviews.0.dismissal_users.#": "0",
                            "required_pull_request_reviews.0.include_admins": "false",
                            "required_pull_request_reviews.0.require_code_owner_reviews": "false",
                            "required_pull_request_reviews.0.required_approving_review_count": "2",
                            "required_status_checks.#": "0",
                            "restrictions.#": "0"
                        },
                        "meta": {},
                        "tainted": false
                    },
                    "deposed": [],
                    "provider": "provider.github"
                },
                "github_repository.repo": {
                    "type": "github_repository",
                    "depends_on": [],
                    "primary": {
                        "id": "verify-matching-service-adapter",
                        "attributes": {
                            "allow_merge_commit": "true",
                            "allow_rebase_merge": "false",
                            "allow_squash_merge": "false",
                            "archived": "false",
                            "auto_init": "true",
                            "default_branch": "master",
                            "description": "Verify Matching Service Adapter",
                            "etag": "W/\"b40116a1620a222a1a5ea6882d7c09ca\"",
                            "full_name": "alphagov/verify-matching-service-adapter",
                            "git_clone_url": "git://github.com/alphagov/verify-matching-service-adapter.git",
                            "has_downloads": "false",
                            "has_issues": "true",
                            "has_wiki": "true",
                            "homepage_url": "",
                            "html_url": "https://github.com/alphagov/verify-matching-service-adapter",
                            "http_clone_url": "https://github.com/alphagov/verify-matching-service-adapter.git",
                            "id": "verify-matching-service-adapter",
                            "name": "verify-matching-service-adapter",
                            "private": "false",
                            "ssh_clone_url": "git@github.com:alphagov/verify-matching-service-adapter.git",
                            "svn_url": "https://github.com/alphagov/verify-matching-service-adapter",
                            "topics.#": "1",
                            "topics.2357015465": "verify"
                        },
                        "meta": {},
                        "tainted": false
                    },
                    "deposed": [],
                    "provider": "provider.github"
                },
                "github_team_repository.repo_team_push": {
                    "type": "github_team_repository",
                    "depends_on": [
                        "data.github_team.teams.*",
                        "github_repository.repo"
                    ],
                    "primary": {
                        "id": "2826122:verify-matching-service-adapter",
                        "attributes": {
                            "etag": "W/\"aa6591c504851d11095e2333e471c0a5\"",
                            "id": "2826122:verify-matching-service-adapter",
                            "permission": "push",
                            "repository": "verify-matching-service-adapter",
                            "team_id": "2826122"
                        },
                        "meta": {},
                        "tainted": false
                    },
                    "deposed": [],
                    "provider": "provider.github"
                }
            },
            "depends_on": []
        },
        {
            "path": [
                "root",
                "repo_verify_metadata"
            ],
            "outputs": {},
            "resources": {
                "github_branch_protection.repo_protect_master": {
                    "type": "github_branch_protection",
                    "depends_on": [],
                    "primary": {
                        "id": "verify-metadata:master",
                        "attributes": {
                            "branch": "master",
                            "enforce_admins": "false",
                            "etag": "W/\"84bbe5740cf704b86923c83e9f73f680\"",
                            "id": "verify-metadata:master",
                            "repository": "verify-metadata",
                            "required_pull_request_reviews.#": "1",
                            "required_pull_request_reviews.0.dismiss_stale_reviews": "true",
                            "required_pull_request_reviews.0.dismissal_teams.#": "0",
                            "required_pull_request_reviews.0.dismissal_users.#": "0",
                            "required_pull_request_reviews.0.include_admins": "false",
                            "required_pull_request_reviews.0.require_code_owner_reviews": "false",
                            "required_pull_request_reviews.0.required_approving_review_count": "2",
                            "required_status_checks.#": "0",
                            "restrictions.#": "0"
                        },
                        "meta": {},
                        "tainted": false
                    },
                    "deposed": [],
                    "provider": "provider.github"
                },
                "github_repository.repo": {
                    "type": "github_repository",
                    "depends_on": [],
                    "primary": {
                        "id": "verify-metadata",
                        "attributes": {
                            "allow_merge_commit": "true",
                            "allow_rebase_merge": "false",
                            "allow_squash_merge": "false",
                            "archived": "false",
                            "auto_init": "true",
                            "default_branch": "master",
                            "description": "Verify SAML metadata sources",
                            "etag": "W/\"fccc048bec56ff68d3f65f8cbcd3bf9b\"",
                            "full_name": "alphagov/verify-metadata",
                            "git_clone_url": "git://github.com/alphagov/verify-metadata.git",
                            "has_downloads": "false",
                            "has_issues": "true",
                            "has_wiki": "true",
                            "homepage_url": "",
                            "html_url": "https://github.com/alphagov/verify-metadata",
                            "http_clone_url": "https://github.com/alphagov/verify-metadata.git",
                            "id": "verify-metadata",
                            "name": "verify-metadata",
                            "private": "true",
                            "ssh_clone_url": "git@github.com:alphagov/verify-metadata.git",
                            "svn_url": "https://github.com/alphagov/verify-metadata",
                            "topics.#": "1",
                            "topics.2357015465": "verify"
                        },
                        "meta": {},
                        "tainted": false
                    },
                    "deposed": [],
                    "provider": "provider.github"
                },
                "github_team_repository.repo_team_push": {
                    "type": "github_team_repository",
                    "depends_on": [
                        "data.github_team.teams.*",
                        "github_repository.repo"
                    ],
                    "primary": {
                        "id": "2826122:verify-metadata",
                        "attributes": {
                            "etag": "W/\"181bc55bf3c527725914ef6dea0eb26d\"",
                            "id": "2826122:verify-metadata",
                            "permission": "push",
                            "repository": "verify-metadata",
                            "team_id": "2826122"
                        },
                        "meta": {},
                        "tainted": false
                    },
                    "deposed": [],
                    "provider": "provider.github"
                }
            },
            "depends_on": []
        },
        {
            "path": [
                "root",
                "repo_verify_packages"
            ],
            "outputs": {},
            "resources": {
                "github_branch_protection.repo_protect_master": {
                    "type": "github_branch_protection",
                    "depends_on": [
                        "github_repository.repo"
                    ],
                    "primary": {
                        "id": "verify-packages:master",
                        "attributes": {
                            "branch": "master",
                            "enforce_admins": "false",
                            "etag": "W/\"861178af8963e63a26cca52b779d20fe\"",
                            "id": "verify-packages:master",
                            "repository": "verify-packages",
                            "required_pull_request_reviews.#": "1",
                            "required_pull_request_reviews.0.dismiss_stale_reviews": "true",
                            "required_pull_request_reviews.0.dismissal_teams.#": "0",
                            "required_pull_request_reviews.0.dismissal_users.#": "0",
                            "required_pull_request_reviews.0.include_admins": "false",
                            "required_pull_request_reviews.0.require_code_owner_reviews": "false",
                            "required_pull_request_reviews.0.required_approving_review_count": "2",
                            "required_status_checks.#": "0",
                            "restrictions.#": "0"
                        },
                        "meta": {},
                        "tainted": false
                    },
                    "deposed": [],
                    "provider": "provider.github"
                },
                "github_repository.repo": {
                    "type": "github_repository",
                    "depends_on": [],
                    "primary": {
                        "id": "verify-packages",
                        "attributes": {
                            "allow_merge_commit": "true",
                            "allow_rebase_merge": "false",
                            "allow_squash_merge": "false",
                            "archived": "false",
                            "auto_init": "true",
                            "default_branch": "master",
                            "description": "Builds custom ubuntu packages used for Verify systems",
                            "etag": "W/\"c59ac05569a89e3e04ac150aecd58073\"",
                            "full_name": "alphagov/verify-packages",
                            "git_clone_url": "git://github.com/alphagov/verify-packages.git",
                            "has_downloads": "false",
                            "has_issues": "true",
                            "has_wiki": "true",
                            "homepage_url": "",
                            "html_url": "https://github.com/alphagov/verify-packages",
                            "http_clone_url": "https://github.com/alphagov/verify-packages.git",
                            "id": "verify-packages",
                            "name": "verify-packages",
                            "private": "true",
                            "ssh_clone_url": "git@github.com:alphagov/verify-packages.git",
                            "svn_url": "https://github.com/alphagov/verify-packages",
                            "topics.#": "1",
                            "topics.2357015465": "verify"
                        },
                        "meta": {},
                        "tainted": false
                    },
                    "deposed": [],
                    "provider": "provider.github"
                },
                "github_team_repository.repo_team_push.0": {
                    "type": "github_team_repository",
                    "depends_on": [
                        "data.github_team.push_teams.*",
                        "github_repository.repo"
                    ],
                    "primary": {
                        "id": "2826122:verify-packages",
                        "attributes": {
                            "etag": "W/\"9870071c0e657ead3a23b0ff4331de97\"",
                            "id": "2826122:verify-packages",
                            "permission": "push",
                            "repository": "verify-packages",
                            "team_id": "2826122"
                        },
                        "meta": {},
                        "tainted": false
                    },
                    "deposed": [],
                    "provider": "provider.github"
                },
                "github_team_repository.repo_team_push.1": {
                    "type": "github_team_repository",
                    "depends_on": [
                        "data.github_team.push_teams.*",
                        "github_repository.repo"
                    ],
                    "primary": {
                        "id": "2826127:verify-packages",
                        "attributes": {
                            "etag": "W/\"9870071c0e657ead3a23b0ff4331de97\"",
                            "id": "2826127:verify-packages",
                            "permission": "push",
                            "repository": "verify-packages",
                            "team_id": "2826127"
                        },
                        "meta": {},
                        "tainted": false
                    },
                    "deposed": [],
                    "provider": "provider.github"
                }
            },
            "depends_on": []
        },
        {
            "path": [
                "root",
                "repo_verify_performance"
            ],
            "outputs": {},
            "resources": {
                "github_branch_protection.repo_protect_master": {
                    "type": "github_branch_protection",
                    "depends_on": [
                        "github_repository.repo"
                    ],
                    "primary": {
                        "id": "verify-performance:master",
                        "attributes": {
                            "branch": "master",
                            "enforce_admins": "false",
                            "etag": "W/\"0a5ab864046d4f79a5b12bfd3e056f9f\"",
                            "id": "verify-performance:master",
                            "repository": "verify-performance",
                            "required_pull_request_reviews.#": "1",
                            "required_pull_request_reviews.0.dismiss_stale_reviews": "true",
                            "required_pull_request_reviews.0.dismissal_teams.#": "0",
                            "required_pull_request_reviews.0.dismissal_users.#": "0",
                            "required_pull_request_reviews.0.include_admins": "false",
                            "required_pull_request_reviews.0.require_code_owner_reviews": "false",
                            "required_pull_request_reviews.0.required_approving_review_count": "2",
                            "required_status_checks.#": "0",
                            "restrictions.#": "0"
                        },
                        "meta": {},
                        "tainted": false
                    },
                    "deposed": [],
                    "provider": "provider.github"
                },
                "github_repository.repo": {
                    "type": "github_repository",
                    "depends_on": [],
                    "primary": {
                        "id": "verify-performance",
                        "attributes": {
                            "allow_merge_commit": "true",
                            "allow_rebase_merge": "false",
                            "allow_squash_merge": "false",
                            "archived": "false",
                            "auto_init": "true",
                            "default_branch": "master",
                            "description": "Repo for the Verify performance and data team",
                            "etag": "W/\"8212201389faf69218986f31dc273fd6\"",
                            "full_name": "alphagov/verify-performance",
                            "git_clone_url": "git://github.com/alphagov/verify-performance.git",
                            "has_downloads": "false",
                            "has_issues": "true",
                            "has_wiki": "true",
                            "homepage_url": "",
                            "html_url": "https://github.com/alphagov/verify-performance",
                            "http_clone_url": "https://github.com/alphagov/verify-performance.git",
                            "id": "verify-performance",
                            "name": "verify-performance",
                            "private": "true",
                            "ssh_clone_url": "git@github.com:alphagov/verify-performance.git",
                            "svn_url": "https://github.com/alphagov/verify-performance",
                            "topics.#": "1",
                            "topics.2357015465": "verify"
                        },
                        "meta": {},
                        "tainted": false
                    },
                    "deposed": [],
                    "provider": "provider.github"
                },
                "github_team_repository.repo_team_push": {
                    "type": "github_team_repository",
                    "depends_on": [
                        "data.github_team.push_teams.*",
                        "github_repository.repo"
                    ],
                    "primary": {
                        "id": "2826122:verify-performance",
                        "attributes": {
                            "etag": "W/\"122215023a403d486d4e139e2a82b12c\"",
                            "id": "2826122:verify-performance",
                            "permission": "push",
                            "repository": "verify-performance",
                            "team_id": "2826122"
                        },
                        "meta": {},
                        "tainted": false
                    },
                    "deposed": [],
                    "provider": "provider.github"
                }
            },
            "depends_on": []
        },
        {
            "path": [
                "root",
                "repo_verify_performance_scripts"
            ],
            "outputs": {},
            "resources": {
                "github_branch_protection.repo_protect_master": {
                    "type": "github_branch_protection",
                    "depends_on": [
                        "github_repository.repo"
                    ],
                    "primary": {
                        "id": "verify-performance-scripts:master",
                        "attributes": {
                            "branch": "master",
                            "enforce_admins": "false",
                            "etag": "W/\"548bda09fbfa290f1440b998c6382291\"",
                            "id": "verify-performance-scripts:master",
                            "repository": "verify-performance-scripts",
                            "required_pull_request_reviews.#": "1",
                            "required_pull_request_reviews.0.dismiss_stale_reviews": "true",
                            "required_pull_request_reviews.0.dismissal_teams.#": "0",
                            "required_pull_request_reviews.0.dismissal_users.#": "0",
                            "required_pull_request_reviews.0.include_admins": "false",
                            "required_pull_request_reviews.0.require_code_owner_reviews": "false",
                            "required_pull_request_reviews.0.required_approving_review_count": "2",
                            "required_status_checks.#": "0",
                            "restrictions.#": "0"
                        },
                        "meta": {},
                        "tainted": false
                    },
                    "deposed": [],
                    "provider": "provider.github"
                },
                "github_repository.repo": {
                    "type": "github_repository",
                    "depends_on": [],
                    "primary": {
                        "id": "verify-performance-scripts",
                        "attributes": {
                            "allow_merge_commit": "true",
                            "allow_rebase_merge": "false",
                            "allow_squash_merge": "false",
                            "archived": "false",
                            "auto_init": "true",
                            "default_branch": "master",
                            "description": "Scripts related to verify performance",
                            "etag": "W/\"5ac95503396eba62713ea7e106acf331\"",
                            "full_name": "alphagov/verify-performance-scripts",
                            "git_clone_url": "git://github.com/alphagov/verify-performance-scripts.git",
                            "has_downloads": "false",
                            "has_issues": "true",
                            "has_wiki": "true",
                            "homepage_url": "",
                            "html_url": "https://github.com/alphagov/verify-performance-scripts",
                            "http_clone_url": "https://github.com/alphagov/verify-performance-scripts.git",
                            "id": "verify-performance-scripts",
                            "name": "verify-performance-scripts",
                            "private": "false",
                            "ssh_clone_url": "git@github.com:alphagov/verify-performance-scripts.git",
                            "svn_url": "https://github.com/alphagov/verify-performance-scripts",
                            "topics.#": "0"
                        },
                        "meta": {},
                        "tainted": false
                    },
                    "deposed": [],
                    "provider": "provider.github"
                },
                "github_team_repository.repo_team_push": {
                    "type": "github_team_repository",
                    "depends_on": [
                        "data.github_team.push_teams.*",
                        "github_repository.repo"
                    ],
                    "primary": {
                        "id": "2826122:verify-performance-scripts",
                        "attributes": {
                            "etag": "W/\"3075c9583f438f6ea6156189ea8097e8\"",
                            "id": "2826122:verify-performance-scripts",
                            "permission": "push",
                            "repository": "verify-performance-scripts",
                            "team_id": "2826122"
                        },
                        "meta": {},
                        "tainted": false
                    },
                    "deposed": [],
                    "provider": "provider.github"
                }
            },
            "depends_on": []
        },
        {
            "path": [
                "root",
                "repo_verify_proxy_node"
            ],
            "outputs": {},
            "resources": {
                "github_branch_protection.repo_protect_master": {
                    "type": "github_branch_protection",
                    "depends_on": [
                        "github_repository.repo"
                    ],
                    "primary": {
                        "id": "verify-proxy-node:master",
                        "attributes": {
                            "branch": "master",
                            "enforce_admins": "false",
                            "etag": "W/\"fa69616c9009345f937ae4f10e440c48\"",
                            "id": "verify-proxy-node:master",
                            "repository": "verify-proxy-node",
                            "required_pull_request_reviews.#": "1",
                            "required_pull_request_reviews.0.dismiss_stale_reviews": "true",
                            "required_pull_request_reviews.0.dismissal_teams.#": "0",
                            "required_pull_request_reviews.0.dismissal_users.#": "0",
                            "required_pull_request_reviews.0.include_admins": "false",
                            "required_pull_request_reviews.0.require_code_owner_reviews": "false",
                            "required_pull_request_reviews.0.required_approving_review_count": "2",
                            "required_status_checks.#": "0",
                            "restrictions.#": "0"
                        },
                        "meta": {},
                        "tainted": false
                    },
                    "deposed": [],
                    "provider": "provider.github"
                },
                "github_repository.repo": {
                    "type": "github_repository",
                    "depends_on": [],
                    "primary": {
                        "id": "verify-proxy-node",
                        "attributes": {
                            "allow_merge_commit": "true",
                            "allow_rebase_merge": "false",
                            "allow_squash_merge": "false",
                            "archived": "false",
                            "auto_init": "true",
                            "default_branch": "master",
                            "description": "eIDAS Proxy Node",
                            "etag": "W/\"f89c8e5b89ad7e3e41c4c577eb31a44d\"",
                            "full_name": "alphagov/verify-proxy-node",
                            "git_clone_url": "git://github.com/alphagov/verify-proxy-node.git",
                            "has_downloads": "false",
                            "has_issues": "true",
                            "has_wiki": "true",
                            "homepage_url": "",
                            "html_url": "https://github.com/alphagov/verify-proxy-node",
                            "http_clone_url": "https://github.com/alphagov/verify-proxy-node.git",
                            "id": "verify-proxy-node",
                            "name": "verify-proxy-node",
                            "private": "false",
                            "ssh_clone_url": "git@github.com:alphagov/verify-proxy-node.git",
                            "svn_url": "https://github.com/alphagov/verify-proxy-node",
                            "topics.#": "0"
                        },
                        "meta": {},
                        "tainted": false
                    },
                    "deposed": [],
                    "provider": "provider.github"
                },
                "github_team_repository.repo_team_push": {
                    "type": "github_team_repository",
                    "depends_on": [
                        "data.github_team.push_teams.*",
                        "github_repository.repo"
                    ],
                    "primary": {
                        "id": "2826126:verify-proxy-node",
                        "attributes": {
                            "etag": "W/\"fce8fc40bc3285f784b5c3193423f47e\"",
                            "id": "2826126:verify-proxy-node",
                            "permission": "push",
                            "repository": "verify-proxy-node",
                            "team_id": "2826126"
                        },
                        "meta": {},
                        "tainted": false
                    },
                    "deposed": [],
                    "provider": "provider.github"
                }
            },
            "depends_on": []
        },
        {
            "path": [
                "root",
                "repo_verify_proxy_node_infra"
            ],
            "outputs": {},
            "resources": {
                "github_branch_protection.repo_protect_master": {
                    "type": "github_branch_protection",
                    "depends_on": [
                        "github_repository.repo"
                    ],
                    "primary": {
                        "id": "verify-proxy-node-infra:master",
                        "attributes": {
                            "branch": "master",
                            "enforce_admins": "false",
                            "etag": "W/\"ecafd16503b1d0f062c3c91d18b36cfe\"",
                            "id": "verify-proxy-node-infra:master",
                            "repository": "verify-proxy-node-infra",
                            "required_pull_request_reviews.#": "1",
                            "required_pull_request_reviews.0.dismiss_stale_reviews": "true",
                            "required_pull_request_reviews.0.dismissal_teams.#": "0",
                            "required_pull_request_reviews.0.dismissal_users.#": "0",
                            "required_pull_request_reviews.0.include_admins": "false",
                            "required_pull_request_reviews.0.require_code_owner_reviews": "false",
                            "required_pull_request_reviews.0.required_approving_review_count": "2",
                            "required_status_checks.#": "0",
                            "restrictions.#": "0"
                        },
                        "meta": {},
                        "tainted": false
                    },
                    "deposed": [],
                    "provider": "provider.github"
                },
                "github_repository.repo": {
                    "type": "github_repository",
                    "depends_on": [],
                    "primary": {
                        "id": "verify-proxy-node-infra",
                        "attributes": {
                            "allow_merge_commit": "true",
                            "allow_rebase_merge": "false",
                            "allow_squash_merge": "false",
                            "archived": "false",
                            "auto_init": "true",
                            "default_branch": "master",
                            "description": "Verify eIDAS Proxy Node infrastructure",
                            "etag": "W/\"2fe1ff8389c64d0b499d0f215cb60ca5\"",
                            "full_name": "alphagov/verify-proxy-node-infra",
                            "git_clone_url": "git://github.com/alphagov/verify-proxy-node-infra.git",
                            "has_downloads": "false",
                            "has_issues": "true",
                            "has_wiki": "true",
                            "homepage_url": "",
                            "html_url": "https://github.com/alphagov/verify-proxy-node-infra",
                            "http_clone_url": "https://github.com/alphagov/verify-proxy-node-infra.git",
                            "id": "verify-proxy-node-infra",
                            "name": "verify-proxy-node-infra",
                            "private": "true",
                            "ssh_clone_url": "git@github.com:alphagov/verify-proxy-node-infra.git",
                            "svn_url": "https://github.com/alphagov/verify-proxy-node-infra",
                            "topics.#": "0"
                        },
                        "meta": {},
                        "tainted": false
                    },
                    "deposed": [],
                    "provider": "provider.github"
                },
                "github_team_repository.repo_team_push.0": {
                    "type": "github_team_repository",
                    "depends_on": [
                        "data.github_team.push_teams.*",
                        "github_repository.repo"
                    ],
                    "primary": {
                        "id": "2826126:verify-proxy-node-infra",
                        "attributes": {
                            "etag": "W/\"73d5b4f450b24e7e03bdff8aa27ffe35\"",
                            "id": "2826126:verify-proxy-node-infra",
                            "permission": "push",
                            "repository": "verify-proxy-node-infra",
                            "team_id": "2826126"
                        },
                        "meta": {},
                        "tainted": false
                    },
                    "deposed": [],
                    "provider": "provider.github"
                },
                "github_team_repository.repo_team_push.1": {
                    "type": "github_team_repository",
                    "depends_on": [
                        "data.github_team.push_teams.*",
                        "github_repository.repo"
                    ],
                    "primary": {
                        "id": "2826127:verify-proxy-node-infra",
                        "attributes": {
                            "etag": "W/\"73d5b4f450b24e7e03bdff8aa27ffe35\"",
                            "id": "2826127:verify-proxy-node-infra",
                            "permission": "push",
                            "repository": "verify-proxy-node-infra",
                            "team_id": "2826127"
                        },
                        "meta": {},
                        "tainted": false
                    },
                    "deposed": [],
                    "provider": "provider.github"
                }
            },
            "depends_on": []
        },
        {
            "path": [
                "root",
                "repo_verify_puppet"
            ],
            "outputs": {},
            "resources": {
                "github_branch_protection.repo_protect_master": {
                    "type": "github_branch_protection",
                    "depends_on": [],
                    "primary": {
                        "id": "verify-puppet:master",
                        "attributes": {
                            "branch": "master",
                            "enforce_admins": "false",
                            "etag": "W/\"1a7335356ca9417829a04e61f7f7967a\"",
                            "id": "verify-puppet:master",
                            "repository": "verify-puppet",
                            "required_pull_request_reviews.#": "1",
                            "required_pull_request_reviews.0.dismiss_stale_reviews": "true",
                            "required_pull_request_reviews.0.dismissal_teams.#": "0",
                            "required_pull_request_reviews.0.dismissal_users.#": "0",
                            "required_pull_request_reviews.0.include_admins": "false",
                            "required_pull_request_reviews.0.require_code_owner_reviews": "false",
                            "required_pull_request_reviews.0.required_approving_review_count": "2",
                            "required_status_checks.#": "0",
                            "restrictions.#": "0"
                        },
                        "meta": {},
                        "tainted": false
                    },
                    "deposed": [],
                    "provider": "provider.github"
                },
                "github_repository.repo": {
                    "type": "github_repository",
                    "depends_on": [],
                    "primary": {
                        "id": "verify-puppet",
                        "attributes": {
                            "allow_merge_commit": "true",
                            "allow_rebase_merge": "false",
                            "allow_squash_merge": "false",
                            "archived": "false",
                            "auto_init": "true",
                            "default_branch": "master",
                            "description": "Puppet code for GOV.UK Verify",
                            "etag": "W/\"0cf8941a0856559f8928476870adf618\"",
                            "full_name": "alphagov/verify-puppet",
                            "git_clone_url": "git://github.com/alphagov/verify-puppet.git",
                            "has_downloads": "false",
                            "has_issues": "true",
                            "has_wiki": "true",
                            "homepage_url": "",
                            "html_url": "https://github.com/alphagov/verify-puppet",
                            "http_clone_url": "https://github.com/alphagov/verify-puppet.git",
                            "id": "verify-puppet",
                            "name": "verify-puppet",
                            "private": "true",
                            "ssh_clone_url": "git@github.com:alphagov/verify-puppet.git",
                            "svn_url": "https://github.com/alphagov/verify-puppet",
                            "topics.#": "1",
                            "topics.2357015465": "verify"
                        },
                        "meta": {},
                        "tainted": false
                    },
                    "deposed": [],
                    "provider": "provider.github"
                },
                "github_team_repository.repo_team_push.0": {
                    "type": "github_team_repository",
                    "depends_on": [
                        "data.github_team.push_teams.*",
                        "github_repository.repo"
                    ],
                    "primary": {
                        "id": "2826122:verify-puppet",
                        "attributes": {
                            "etag": "W/\"687ccede756ac08a816b72a5feff6db6\"",
                            "id": "2826122:verify-puppet",
                            "permission": "push",
                            "repository": "verify-puppet",
                            "team_id": "2826122"
                        },
                        "meta": {},
                        "tainted": false
                    },
                    "deposed": [],
                    "provider": "provider.github"
                },
                "github_team_repository.repo_team_push.1": {
                    "type": "github_team_repository",
                    "depends_on": [
                        "data.github_team.push_teams.*",
                        "github_repository.repo"
                    ],
                    "primary": {
                        "id": "2826127:verify-puppet",
                        "attributes": {
                            "etag": "W/\"687ccede756ac08a816b72a5feff6db6\"",
                            "id": "2826127:verify-puppet",
                            "permission": "push",
                            "repository": "verify-puppet",
                            "team_id": "2826127"
                        },
                        "meta": {},
                        "tainted": false
                    },
                    "deposed": [],
                    "provider": "provider.github"
                }
            },
            "depends_on": []
        },
        {
            "path": [
                "root",
                "repo_verify_release_automation"
            ],
            "outputs": {},
            "resources": {
                "github_branch_protection.repo_protect_master": {
                    "type": "github_branch_protection",
                    "depends_on": [],
                    "primary": {
                        "id": "verify-release-automation:master",
                        "attributes": {
                            "branch": "master",
                            "enforce_admins": "false",
                            "etag": "W/\"dadd6d40eef042d566fb1cb9c440b7ba\"",
                            "id": "verify-release-automation:master",
                            "repository": "verify-release-automation",
                            "required_pull_request_reviews.#": "1",
                            "required_pull_request_reviews.0.dismiss_stale_reviews": "true",
                            "required_pull_request_reviews.0.dismissal_teams.#": "0",
                            "required_pull_request_reviews.0.dismissal_users.#": "0",
                            "required_pull_request_reviews.0.include_admins": "false",
                            "required_pull_request_reviews.0.require_code_owner_reviews": "false",
                            "required_pull_request_reviews.0.required_approving_review_count": "2",
                            "required_status_checks.#": "0",
                            "restrictions.#": "0"
                        },
                        "meta": {},
                        "tainted": false
                    },
                    "deposed": [],
                    "provider": "provider.github"
                },
                "github_repository.repo": {
                    "type": "github_repository",
                    "depends_on": [],
                    "primary": {
                        "id": "verify-release-automation",
                        "attributes": {
                            "allow_merge_commit": "true",
                            "allow_rebase_merge": "false",
                            "allow_squash_merge": "false",
                            "archived": "false",
                            "auto_init": "true",
                            "default_branch": "master",
                            "description": "🚂 The Verify Release Train",
                            "etag": "W/\"c961dfdac9d2622cd004f39574a4e89b\"",
                            "full_name": "alphagov/verify-release-automation",
                            "git_clone_url": "git://github.com/alphagov/verify-release-automation.git",
                            "has_downloads": "false",
                            "has_issues": "true",
                            "has_wiki": "true",
                            "homepage_url": "",
                            "html_url": "https://github.com/alphagov/verify-release-automation",
                            "http_clone_url": "https://github.com/alphagov/verify-release-automation.git",
                            "id": "verify-release-automation",
                            "name": "verify-release-automation",
                            "private": "true",
                            "ssh_clone_url": "git@github.com:alphagov/verify-release-automation.git",
                            "svn_url": "https://github.com/alphagov/verify-release-automation",
                            "topics.#": "1",
                            "topics.2357015465": "verify"
                        },
                        "meta": {},
                        "tainted": false
                    },
                    "deposed": [],
                    "provider": "provider.github"
                },
                "github_team_repository.repo_team_push": {
                    "type": "github_team_repository",
                    "depends_on": [
                        "data.github_team.push_teams.*",
                        "github_repository.repo"
                    ],
                    "primary": {
                        "id": "2826122:verify-release-automation",
                        "attributes": {
                            "etag": "W/\"7beab98865d21ac775f4f08d0ccd42f4\"",
                            "id": "2826122:verify-release-automation",
                            "permission": "push",
                            "repository": "verify-release-automation",
                            "team_id": "2826122"
                        },
                        "meta": {},
                        "tainted": false
                    },
                    "deposed": [],
                    "provider": "provider.github"
                }
            },
            "depends_on": []
        },
        {
            "path": [
                "root",
                "repo_verify_release_logs"
            ],
            "outputs": {},
            "resources": {
                "github_repository.repo": {
                    "type": "github_repository",
                    "depends_on": [],
                    "primary": {
                        "id": "verify-release-logs",
                        "attributes": {
                            "allow_merge_commit": "true",
                            "allow_rebase_merge": "false",
                            "allow_squash_merge": "false",
                            "archived": "false",
                            "default_branch": "master",
                            "description": "Logs of releases generated from the verify-release-automation tool",
                            "etag": "W/\"f994bf3c9f6518762146cfc8569737d8\"",
                            "full_name": "alphagov/verify-release-logs",
                            "git_clone_url": "git://github.com/alphagov/verify-release-logs.git",
                            "has_downloads": "false",
                            "has_issues": "true",
                            "has_wiki": "true",
                            "homepage_url": "",
                            "html_url": "https://github.com/alphagov/verify-release-logs",
                            "http_clone_url": "https://github.com/alphagov/verify-release-logs.git",
                            "id": "verify-release-logs",
                            "name": "verify-release-logs",
                            "private": "true",
                            "ssh_clone_url": "git@github.com:alphagov/verify-release-logs.git",
                            "svn_url": "https://github.com/alphagov/verify-release-logs",
                            "topics.#": "1",
                            "topics.2357015465": "verify"
                        },
                        "meta": {},
                        "tainted": false
                    },
                    "deposed": [],
                    "provider": "provider.github"
                },
                "github_team_repository.repo_team_push": {
                    "type": "github_team_repository",
                    "depends_on": [
                        "data.github_team.push_teams.*",
                        "github_repository.repo"
                    ],
                    "primary": {
                        "id": "2826122:verify-release-logs",
                        "attributes": {
                            "etag": "W/\"6f3d7e5681e1030b269e5df5cb25d016\"",
                            "id": "2826122:verify-release-logs",
                            "permission": "push",
                            "repository": "verify-release-logs",
                            "team_id": "2826122"
                        },
                        "meta": {},
                        "tainted": false
                    },
                    "deposed": [],
                    "provider": "provider.github"
                }
            },
            "depends_on": []
        },
        {
            "path": [
                "root",
                "repo_verify_rp_environment_config_form"
            ],
            "outputs": {},
            "resources": {
                "github_branch_protection.repo_protect_master": {
                    "type": "github_branch_protection",
                    "depends_on": [],
                    "primary": {
                        "id": "verify-rp-environment-config-form:master",
                        "attributes": {
                            "branch": "master",
                            "enforce_admins": "false",
                            "etag": "W/\"67db485749ced4d972d46be267c0bb08\"",
                            "id": "verify-rp-environment-config-form:master",
                            "repository": "verify-rp-environment-config-form",
                            "required_pull_request_reviews.#": "1",
                            "required_pull_request_reviews.0.dismiss_stale_reviews": "true",
                            "required_pull_request_reviews.0.dismissal_teams.#": "0",
                            "required_pull_request_reviews.0.dismissal_users.#": "0",
                            "required_pull_request_reviews.0.include_admins": "false",
                            "required_pull_request_reviews.0.require_code_owner_reviews": "false",
                            "required_pull_request_reviews.0.required_approving_review_count": "2",
                            "required_status_checks.#": "0",
                            "restrictions.#": "0"
                        },
                        "meta": {},
                        "tainted": false
                    },
                    "deposed": [],
                    "provider": "provider.github"
                },
                "github_repository.repo": {
                    "type": "github_repository",
                    "depends_on": [],
                    "primary": {
                        "id": "verify-rp-environment-config-form",
                        "attributes": {
                            "allow_merge_commit": "true",
                            "allow_rebase_merge": "false",
                            "allow_squash_merge": "false",
                            "archived": "false",
                            "auto_init": "true",
                            "default_branch": "master",
                            "description": " :page_with_curl: The form for relying parties to provide Verify with environment configuration",
                            "etag": "W/\"e4ae19a29e63c8c3ba32e1641cac7317\"",
                            "full_name": "alphagov/verify-rp-environment-config-form",
                            "git_clone_url": "git://github.com/alphagov/verify-rp-environment-config-form.git",
                            "has_downloads": "false",
                            "has_issues": "true",
                            "has_wiki": "true",
                            "homepage_url": "",
                            "html_url": "https://github.com/alphagov/verify-rp-environment-config-form",
                            "http_clone_url": "https://github.com/alphagov/verify-rp-environment-config-form.git",
                            "id": "verify-rp-environment-config-form",
                            "name": "verify-rp-environment-config-form",
                            "private": "false",
                            "ssh_clone_url": "git@github.com:alphagov/verify-rp-environment-config-form.git",
                            "svn_url": "https://github.com/alphagov/verify-rp-environment-config-form",
                            "topics.#": "1",
                            "topics.2357015465": "verify"
                        },
                        "meta": {},
                        "tainted": false
                    },
                    "deposed": [],
                    "provider": "provider.github"
                },
                "github_team_repository.repo_team_push": {
                    "type": "github_team_repository",
                    "depends_on": [
                        "data.github_team.push_teams.*",
                        "github_repository.repo"
                    ],
                    "primary": {
                        "id": "2826122:verify-rp-environment-config-form",
                        "attributes": {
                            "etag": "W/\"d8f003e6b99d7f6f2599495bc995e3f6\"",
                            "id": "2826122:verify-rp-environment-config-form",
                            "permission": "push",
                            "repository": "verify-rp-environment-config-form",
                            "team_id": "2826122"
                        },
                        "meta": {},
                        "tainted": false
                    },
                    "deposed": [],
                    "provider": "provider.github"
                }
            },
            "depends_on": []
        },
        {
            "path": [
                "root",
                "repo_verify_saml_libs"
            ],
            "outputs": {},
            "resources": {
                "github_branch_protection.repo_protect_master": {
                    "type": "github_branch_protection",
                    "depends_on": [],
                    "primary": {
                        "id": "verify-saml-libs:master",
                        "attributes": {
                            "branch": "master",
                            "enforce_admins": "false",
                            "etag": "W/\"2fda9a8366a4aafe80703da9206c45c8\"",
                            "id": "verify-saml-libs:master",
                            "repository": "verify-saml-libs",
                            "required_pull_request_reviews.#": "1",
                            "required_pull_request_reviews.0.dismiss_stale_reviews": "true",
                            "required_pull_request_reviews.0.dismissal_teams.#": "0",
                            "required_pull_request_reviews.0.dismissal_users.#": "0",
                            "required_pull_request_reviews.0.include_admins": "false",
                            "required_pull_request_reviews.0.require_code_owner_reviews": "false",
                            "required_pull_request_reviews.0.required_approving_review_count": "2",
                            "required_status_checks.#": "0",
                            "restrictions.#": "0"
                        },
                        "meta": {},
                        "tainted": false
                    },
                    "deposed": [],
                    "provider": "provider.github"
                },
                "github_repository.repo": {
                    "type": "github_repository",
                    "depends_on": [],
                    "primary": {
                        "id": "verify-saml-libs",
                        "attributes": {
                            "allow_merge_commit": "true",
                            "allow_rebase_merge": "false",
                            "allow_squash_merge": "false",
                            "archived": "false",
                            "auto_init": "true",
                            "default_branch": "master",
                            "description": "Verify SAML Libraries 📚",
                            "etag": "W/\"fc6fbbea48fe8686a449a342c4252867\"",
                            "full_name": "alphagov/verify-saml-libs",
                            "git_clone_url": "git://github.com/alphagov/verify-saml-libs.git",
                            "has_downloads": "false",
                            "has_issues": "true",
                            "has_wiki": "true",
                            "homepage_url": "",
                            "html_url": "https://github.com/alphagov/verify-saml-libs",
                            "http_clone_url": "https://github.com/alphagov/verify-saml-libs.git",
                            "id": "verify-saml-libs",
                            "name": "verify-saml-libs",
                            "private": "false",
                            "ssh_clone_url": "git@github.com:alphagov/verify-saml-libs.git",
                            "svn_url": "https://github.com/alphagov/verify-saml-libs",
                            "topics.#": "2",
                            "topics.2357015465": "verify",
                            "topics.3280365720": "saml"
                        },
                        "meta": {},
                        "tainted": false
                    },
                    "deposed": [],
                    "provider": "provider.github"
                },
                "github_team_repository.repo_team_push": {
                    "type": "github_team_repository",
                    "depends_on": [
                        "data.github_team.teams.*",
                        "github_repository.repo"
                    ],
                    "primary": {
                        "id": "2826122:verify-saml-libs",
                        "attributes": {
                            "etag": "W/\"68533dec82b8ea23da7983a358d574f1\"",
                            "id": "2826122:verify-saml-libs",
                            "permission": "push",
                            "repository": "verify-saml-libs",
                            "team_id": "2826122"
                        },
                        "meta": {},
                        "tainted": false
                    },
                    "deposed": [],
                    "provider": "provider.github"
                }
            },
            "depends_on": []
        },
        {
            "path": [
                "root",
                "repo_verify_self_service"
            ],
            "outputs": {},
            "resources": {
                "github_branch_protection.repo_protect_master": {
                    "type": "github_branch_protection",
                    "depends_on": [
                        "github_repository.repo"
                    ],
                    "primary": {
                        "id": "verify-self-service:master",
                        "attributes": {
                            "branch": "master",
                            "enforce_admins": "false",
                            "etag": "W/\"0a49e0df49c017830b818a983c7cb767\"",
                            "id": "verify-self-service:master",
                            "repository": "verify-self-service",
                            "required_pull_request_reviews.#": "1",
                            "required_pull_request_reviews.0.dismiss_stale_reviews": "true",
                            "required_pull_request_reviews.0.dismissal_teams.#": "0",
                            "required_pull_request_reviews.0.dismissal_users.#": "0",
                            "required_pull_request_reviews.0.include_admins": "false",
                            "required_pull_request_reviews.0.require_code_owner_reviews": "false",
                            "required_pull_request_reviews.0.required_approving_review_count": "2",
                            "required_status_checks.#": "0",
                            "restrictions.#": "0"
                        },
                        "meta": {},
                        "tainted": false
                    },
                    "deposed": [],
                    "provider": "provider.github"
                },
                "github_repository.repo": {
                    "type": "github_repository",
                    "depends_on": [],
                    "primary": {
                        "id": "verify-self-service",
                        "attributes": {
                            "allow_merge_commit": "true",
                            "allow_rebase_merge": "false",
                            "allow_squash_merge": "false",
                            "archived": "false",
                            "default_branch": "master",
                            "description": "Verify self-service platform",
                            "etag": "W/\"df7d44138e8116d67a1ac3f2a907ddfb\"",
                            "full_name": "alphagov/verify-self-service",
                            "git_clone_url": "git://github.com/alphagov/verify-self-service.git",
                            "has_downloads": "false",
                            "has_issues": "true",
                            "has_wiki": "true",
                            "homepage_url": "",
                            "html_url": "https://github.com/alphagov/verify-self-service",
                            "http_clone_url": "https://github.com/alphagov/verify-self-service.git",
                            "id": "verify-self-service",
                            "name": "verify-self-service",
                            "private": "false",
                            "ssh_clone_url": "git@github.com:alphagov/verify-self-service.git",
                            "svn_url": "https://github.com/alphagov/verify-self-service",
                            "topics.#": "1",
                            "topics.2357015465": "verify"
                        },
                        "meta": {},
                        "tainted": false
                    },
                    "deposed": [],
                    "provider": "provider.github"
                },
                "github_team_repository.repo_team_push": {
                    "type": "github_team_repository",
                    "depends_on": [
                        "data.github_team.push_teams.*",
                        "github_repository.repo"
                    ],
                    "primary": {
                        "id": "2826122:verify-self-service",
                        "attributes": {
                            "etag": "W/\"bfd5d3b0a17f80c319b8b939de576ea4\"",
                            "id": "2826122:verify-self-service",
                            "permission": "push",
                            "repository": "verify-self-service",
                            "team_id": "2826122"
                        },
                        "meta": {},
                        "tainted": false
                    },
                    "deposed": [],
                    "provider": "provider.github"
                }
            },
            "depends_on": []
        },
        {
            "path": [
                "root",
                "repo_verify_self_service_infrastructure"
            ],
            "outputs": {},
            "resources": {
                "github_branch_protection.repo_protect_master": {
                    "type": "github_branch_protection",
                    "depends_on": [
                        "github_repository.repo"
                    ],
                    "primary": {
                        "id": "verify-self-service-infrastructure:master",
                        "attributes": {
                            "branch": "master",
                            "enforce_admins": "false",
                            "etag": "W/\"440e99d9de41f6fa139b9dfb3c29ca77\"",
                            "id": "verify-self-service-infrastructure:master",
                            "repository": "verify-self-service-infrastructure",
                            "required_pull_request_reviews.#": "1",
                            "required_pull_request_reviews.0.dismiss_stale_reviews": "true",
                            "required_pull_request_reviews.0.dismissal_teams.#": "0",
                            "required_pull_request_reviews.0.dismissal_users.#": "0",
                            "required_pull_request_reviews.0.include_admins": "false",
                            "required_pull_request_reviews.0.require_code_owner_reviews": "false",
                            "required_pull_request_reviews.0.required_approving_review_count": "2",
                            "required_status_checks.#": "0",
                            "restrictions.#": "0"
                        },
                        "meta": {},
                        "tainted": false
                    },
                    "deposed": [],
                    "provider": "provider.github"
                },
                "github_repository.repo": {
                    "type": "github_repository",
                    "depends_on": [],
                    "primary": {
                        "id": "verify-self-service-infrastructure",
                        "attributes": {
                            "allow_merge_commit": "true",
                            "allow_rebase_merge": "false",
                            "allow_squash_merge": "false",
                            "archived": "false",
                            "auto_init": "true",
                            "default_branch": "master",
                            "description": "Infrastructure and terraform files for Verify Self Service",
                            "etag": "W/\"b1aff444c23ae520393c872be9e915d5\"",
                            "full_name": "alphagov/verify-self-service-infrastructure",
                            "git_clone_url": "git://github.com/alphagov/verify-self-service-infrastructure.git",
                            "has_downloads": "false",
                            "has_issues": "true",
                            "has_wiki": "true",
                            "homepage_url": "",
                            "html_url": "https://github.com/alphagov/verify-self-service-infrastructure",
                            "http_clone_url": "https://github.com/alphagov/verify-self-service-infrastructure.git",
                            "id": "verify-self-service-infrastructure",
                            "name": "verify-self-service-infrastructure",
                            "private": "true",
                            "ssh_clone_url": "git@github.com:alphagov/verify-self-service-infrastructure.git",
                            "svn_url": "https://github.com/alphagov/verify-self-service-infrastructure",
                            "topics.#": "0"
                        },
                        "meta": {},
                        "tainted": false
                    },
                    "deposed": [],
                    "provider": "provider.github"
                },
                "github_team_repository.repo_team_push": {
                    "type": "github_team_repository",
                    "depends_on": [
                        "github_repository.repo"
                    ],
                    "primary": {
                        "id": "2826122:verify-self-service-infrastructure",
                        "attributes": {
                            "etag": "W/\"ad01e40236d4c7a0c9a7115ecd623330\"",
                            "id": "2826122:verify-self-service-infrastructure",
                            "permission": "push",
                            "repository": "verify-self-service-infrastructure",
                            "team_id": "2826122"
                        },
                        "meta": {},
                        "tainted": false
                    },
                    "deposed": [],
                    "provider": "provider.github"
                }
            },
            "depends_on": []
        },
        {
            "path": [
                "root",
                "repo_verify_service_provider"
            ],
            "outputs": {},
            "resources": {
                "github_branch_protection.repo_protect_master": {
                    "type": "github_branch_protection",
                    "depends_on": [],
                    "primary": {
                        "id": "verify-service-provider:master",
                        "attributes": {
                            "branch": "master",
                            "enforce_admins": "false",
                            "etag": "W/\"d9d111e122aaa1479bd228f98d90c504\"",
                            "id": "verify-service-provider:master",
                            "repository": "verify-service-provider",
                            "required_pull_request_reviews.#": "1",
                            "required_pull_request_reviews.0.dismiss_stale_reviews": "true",
                            "required_pull_request_reviews.0.dismissal_teams.#": "0",
                            "required_pull_request_reviews.0.dismissal_users.#": "0",
                            "required_pull_request_reviews.0.include_admins": "false",
                            "required_pull_request_reviews.0.require_code_owner_reviews": "false",
                            "required_pull_request_reviews.0.required_approving_review_count": "2",
                            "required_status_checks.#": "0",
                            "restrictions.#": "0"
                        },
                        "meta": {},
                        "tainted": false
                    },
                    "deposed": [],
                    "provider": "provider.github"
                },
                "github_repository.repo": {
                    "type": "github_repository",
                    "depends_on": [],
                    "primary": {
                        "id": "verify-service-provider",
                        "attributes": {
                            "allow_merge_commit": "true",
                            "allow_rebase_merge": "false",
                            "allow_squash_merge": "false",
                            "archived": "false",
                            "auto_init": "true",
                            "default_branch": "master",
                            "description": ":crown: :ballot_box_with_check: The easiest way to connect to GOV.UK Verify",
                            "etag": "W/\"724a83bb7de9a79bca223d52e1da9ff4\"",
                            "full_name": "alphagov/verify-service-provider",
                            "git_clone_url": "git://github.com/alphagov/verify-service-provider.git",
                            "has_downloads": "false",
                            "has_issues": "true",
                            "has_wiki": "true",
                            "homepage_url": "",
                            "html_url": "https://github.com/alphagov/verify-service-provider",
                            "http_clone_url": "https://github.com/alphagov/verify-service-provider.git",
                            "id": "verify-service-provider",
                            "name": "verify-service-provider",
                            "private": "false",
                            "ssh_clone_url": "git@github.com:alphagov/verify-service-provider.git",
                            "svn_url": "https://github.com/alphagov/verify-service-provider",
                            "topics.#": "2",
                            "topics.2275409296": "dropwizard",
                            "topics.2357015465": "verify"
                        },
                        "meta": {},
                        "tainted": false
                    },
                    "deposed": [],
                    "provider": "provider.github"
                },
                "github_team_repository.repo_team_push": {
                    "type": "github_team_repository",
                    "depends_on": [
                        "data.github_team.push_teams.*",
                        "github_repository.repo"
                    ],
                    "primary": {
                        "id": "2826122:verify-service-provider",
                        "attributes": {
                            "etag": "W/\"4b8d4112b5a8b8cfb361b7a87ca14022\"",
                            "id": "2826122:verify-service-provider",
                            "permission": "push",
                            "repository": "verify-service-provider",
                            "team_id": "2826122"
                        },
                        "meta": {},
                        "tainted": false
                    },
                    "deposed": [],
                    "provider": "provider.github"
                }
            },
            "depends_on": []
        },
        {
            "path": [
                "root",
                "repo_verify_stub_idp"
            ],
            "outputs": {},
            "resources": {
                "github_branch_protection.repo_protect_master": {
                    "type": "github_branch_protection",
                    "depends_on": [],
                    "primary": {
                        "id": "verify-stub-idp:master",
                        "attributes": {
                            "branch": "master",
                            "enforce_admins": "false",
                            "etag": "W/\"0c9bf042a1496f8162701d1fecefcff8\"",
                            "id": "verify-stub-idp:master",
                            "repository": "verify-stub-idp",
                            "required_pull_request_reviews.#": "1",
                            "required_pull_request_reviews.0.dismiss_stale_reviews": "true",
                            "required_pull_request_reviews.0.dismissal_teams.#": "0",
                            "required_pull_request_reviews.0.dismissal_users.#": "0",
                            "required_pull_request_reviews.0.include_admins": "false",
                            "required_pull_request_reviews.0.require_code_owner_reviews": "false",
                            "required_pull_request_reviews.0.required_approving_review_count": "2",
                            "required_status_checks.#": "0",
                            "restrictions.#": "0"
                        },
                        "meta": {},
                        "tainted": false
                    },
                    "deposed": [],
                    "provider": "provider.github"
                },
                "github_repository.repo": {
                    "type": "github_repository",
                    "depends_on": [],
                    "primary": {
                        "id": "verify-stub-idp",
                        "attributes": {
                            "allow_merge_commit": "true",
                            "allow_rebase_merge": "false",
                            "allow_squash_merge": "false",
                            "archived": "false",
                            "auto_init": "true",
                            "default_branch": "master",
                            "description": "Stub Identity Provider and Stub eIDAS Proxy Service Node used for testing GOV.UK Verify",
                            "etag": "W/\"4637d925d0afb1d516334598f23bb67e\"",
                            "full_name": "alphagov/verify-stub-idp",
                            "git_clone_url": "git://github.com/alphagov/verify-stub-idp.git",
                            "has_downloads": "false",
                            "has_issues": "true",
                            "has_wiki": "true",
                            "homepage_url": "",
                            "html_url": "https://github.com/alphagov/verify-stub-idp",
                            "http_clone_url": "https://github.com/alphagov/verify-stub-idp.git",
                            "id": "verify-stub-idp",
                            "name": "verify-stub-idp",
                            "private": "false",
                            "ssh_clone_url": "git@github.com:alphagov/verify-stub-idp.git",
                            "svn_url": "https://github.com/alphagov/verify-stub-idp",
                            "topics.#": "4",
                            "topics.2357015465": "verify",
                            "topics.3061879995": "idp",
                            "topics.687280243": "stub",
                            "topics.898705444": "eidas"
                        },
                        "meta": {},
                        "tainted": false
                    },
                    "deposed": [],
                    "provider": "provider.github"
                },
                "github_team_repository.repo_team_push": {
                    "type": "github_team_repository",
                    "depends_on": [
                        "data.github_team.teams.*",
                        "github_repository.repo"
                    ],
                    "primary": {
                        "id": "2826122:verify-stub-idp",
                        "attributes": {
                            "etag": "W/\"39d38e9059e010e14e1609024303850c\"",
                            "id": "2826122:verify-stub-idp",
                            "permission": "push",
                            "repository": "verify-stub-idp",
                            "team_id": "2826122"
                        },
                        "meta": {},
                        "tainted": false
                    },
                    "deposed": [],
                    "provider": "provider.github"
                }
            },
            "depends_on": []
        },
        {
            "path": [
                "root",
                "repo_verify_stub_idp_federation_config"
            ],
            "outputs": {},
            "resources": {
                "github_branch_protection.repo_protect_master": {
                    "type": "github_branch_protection",
                    "depends_on": [
                        "github_repository.repo"
                    ],
                    "primary": {
                        "id": "verify-stub-idp-federation-config:master",
                        "attributes": {
                            "branch": "master",
                            "enforce_admins": "false",
                            "etag": "W/\"3a4b88b99f83a3ab4766525d18967a49\"",
                            "id": "verify-stub-idp-federation-config:master",
                            "repository": "verify-stub-idp-federation-config",
                            "required_pull_request_reviews.#": "1",
                            "required_pull_request_reviews.0.dismiss_stale_reviews": "true",
                            "required_pull_request_reviews.0.dismissal_teams.#": "0",
                            "required_pull_request_reviews.0.dismissal_users.#": "0",
                            "required_pull_request_reviews.0.include_admins": "false",
                            "required_pull_request_reviews.0.require_code_owner_reviews": "false",
                            "required_pull_request_reviews.0.required_approving_review_count": "2",
                            "required_status_checks.#": "0",
                            "restrictions.#": "0"
                        },
                        "meta": {},
                        "tainted": false
                    },
                    "deposed": [],
                    "provider": "provider.github"
                },
                "github_repository.repo": {
                    "type": "github_repository",
                    "depends_on": [],
                    "primary": {
                        "id": "verify-stub-idp-federation-config",
                        "attributes": {
                            "allow_merge_commit": "true",
                            "allow_rebase_merge": "false",
                            "allow_squash_merge": "false",
                            "archived": "false",
                            "auto_init": "true",
                            "default_branch": "master",
                            "description": "Federation config for verify-stub-idp",
                            "etag": "W/\"19c1d77c4f153f3391259b81464bab07\"",
                            "full_name": "alphagov/verify-stub-idp-federation-config",
                            "git_clone_url": "git://github.com/alphagov/verify-stub-idp-federation-config.git",
                            "has_downloads": "false",
                            "has_issues": "true",
                            "has_wiki": "true",
                            "homepage_url": "",
                            "html_url": "https://github.com/alphagov/verify-stub-idp-federation-config",
                            "http_clone_url": "https://github.com/alphagov/verify-stub-idp-federation-config.git",
                            "id": "verify-stub-idp-federation-config",
                            "name": "verify-stub-idp-federation-config",
                            "private": "true",
                            "ssh_clone_url": "git@github.com:alphagov/verify-stub-idp-federation-config.git",
                            "svn_url": "https://github.com/alphagov/verify-stub-idp-federation-config",
                            "topics.#": "1",
                            "topics.2357015465": "verify"
                        },
                        "meta": {},
                        "tainted": false
                    },
                    "deposed": [],
                    "provider": "provider.github"
                },
                "github_team_repository.repo_team_push": {
                    "type": "github_team_repository",
                    "depends_on": [
                        "data.github_team.teams.*",
                        "github_repository.repo"
                    ],
                    "primary": {
                        "id": "2826122:verify-stub-idp-federation-config",
                        "attributes": {
                            "etag": "W/\"f384b04725067dc6d1fc414aadc917bd\"",
                            "id": "2826122:verify-stub-idp-federation-config",
                            "permission": "push",
                            "repository": "verify-stub-idp-federation-config",
                            "team_id": "2826122"
                        },
                        "meta": {},
                        "tainted": false
                    },
                    "deposed": [],
                    "provider": "provider.github"
                }
            },
            "depends_on": []
        },
        {
            "path": [
                "root",
                "repo_verify_support_form"
            ],
            "outputs": {},
            "resources": {
                "github_branch_protection.repo_protect_master": {
                    "type": "github_branch_protection",
                    "depends_on": [],
                    "primary": {
                        "id": "verify-support-form:master",
                        "attributes": {
                            "branch": "master",
                            "enforce_admins": "false",
                            "etag": "W/\"17ff4187b045106b255d0e6ba7e54fd7\"",
                            "id": "verify-support-form:master",
                            "repository": "verify-support-form",
                            "required_pull_request_reviews.#": "1",
                            "required_pull_request_reviews.0.dismiss_stale_reviews": "true",
                            "required_pull_request_reviews.0.dismissal_teams.#": "0",
                            "required_pull_request_reviews.0.dismissal_users.#": "0",
                            "required_pull_request_reviews.0.include_admins": "false",
                            "required_pull_request_reviews.0.require_code_owner_reviews": "false",
                            "required_pull_request_reviews.0.required_approving_review_count": "2",
                            "required_status_checks.#": "0",
                            "restrictions.#": "0"
                        },
                        "meta": {},
                        "tainted": false
                    },
                    "deposed": [],
                    "provider": "provider.github"
                },
                "github_repository.repo": {
                    "type": "github_repository",
                    "depends_on": [],
                    "primary": {
                        "id": "verify-support-form",
                        "attributes": {
                            "allow_merge_commit": "true",
                            "allow_rebase_merge": "false",
                            "allow_squash_merge": "false",
                            "archived": "false",
                            "auto_init": "true",
                            "default_branch": "master",
                            "description": "Verify support form",
                            "etag": "W/\"ce624fa4dd33dfccf9cdb3905cd4d9b9\"",
                            "full_name": "alphagov/verify-support-form",
                            "git_clone_url": "git://github.com/alphagov/verify-support-form.git",
                            "has_downloads": "false",
                            "has_issues": "true",
                            "has_wiki": "true",
                            "homepage_url": "",
                            "html_url": "https://github.com/alphagov/verify-support-form",
                            "http_clone_url": "https://github.com/alphagov/verify-support-form.git",
                            "id": "verify-support-form",
                            "name": "verify-support-form",
                            "private": "false",
                            "ssh_clone_url": "git@github.com:alphagov/verify-support-form.git",
                            "svn_url": "https://github.com/alphagov/verify-support-form",
                            "topics.#": "1",
                            "topics.2357015465": "verify"
                        },
                        "meta": {},
                        "tainted": false
                    },
                    "deposed": [],
                    "provider": "provider.github"
                },
                "github_team_repository.repo_team_push": {
                    "type": "github_team_repository",
                    "depends_on": [
                        "data.github_team.push_teams.*",
                        "github_repository.repo"
                    ],
                    "primary": {
                        "id": "2826122:verify-support-form",
                        "attributes": {
                            "etag": "W/\"ef90bb34c8620102d14c5f2173b93d8b\"",
                            "id": "2826122:verify-support-form",
                            "permission": "push",
                            "repository": "verify-support-form",
                            "team_id": "2826122"
                        },
                        "meta": {},
                        "tainted": false
                    },
                    "deposed": [],
                    "provider": "provider.github"
                }
            },
            "depends_on": []
        },
        {
            "path": [
                "root",
                "repo_verify_team_manual"
            ],
            "outputs": {},
            "resources": {
                "github_branch_protection.repo_protect_master": {
                    "type": "github_branch_protection",
                    "depends_on": [],
                    "primary": {
                        "id": "verify-team-manual:master",
                        "attributes": {
                            "branch": "master",
                            "enforce_admins": "false",
                            "etag": "W/\"10fa88cc027f16c96c2d046123dc1e84\"",
                            "id": "verify-team-manual:master",
                            "repository": "verify-team-manual",
                            "required_pull_request_reviews.#": "1",
                            "required_pull_request_reviews.0.dismiss_stale_reviews": "true",
                            "required_pull_request_reviews.0.dismissal_teams.#": "0",
                            "required_pull_request_reviews.0.dismissal_users.#": "0",
                            "required_pull_request_reviews.0.include_admins": "false",
                            "required_pull_request_reviews.0.require_code_owner_reviews": "false",
                            "required_pull_request_reviews.0.required_approving_review_count": "2",
                            "required_status_checks.#": "0",
                            "restrictions.#": "0"
                        },
                        "meta": {},
                        "tainted": false
                    },
                    "deposed": [],
                    "provider": "provider.github"
                },
                "github_repository.repo": {
                    "type": "github_repository",
                    "depends_on": [],
                    "primary": {
                        "id": "verify-team-manual",
                        "attributes": {
                            "allow_merge_commit": "true",
                            "allow_rebase_merge": "false",
                            "allow_squash_merge": "false",
                            "archived": "false",
                            "auto_init": "true",
                            "default_branch": "master",
                            "description": "",
                            "etag": "W/\"5b98f862e9c7fc303bfb47887e576eef\"",
                            "full_name": "alphagov/verify-team-manual",
                            "git_clone_url": "git://github.com/alphagov/verify-team-manual.git",
                            "has_downloads": "false",
                            "has_issues": "true",
                            "has_wiki": "true",
                            "homepage_url": "",
                            "html_url": "https://github.com/alphagov/verify-team-manual",
                            "http_clone_url": "https://github.com/alphagov/verify-team-manual.git",
                            "id": "verify-team-manual",
                            "name": "verify-team-manual",
                            "private": "true",
                            "ssh_clone_url": "git@github.com:alphagov/verify-team-manual.git",
                            "svn_url": "https://github.com/alphagov/verify-team-manual",
                            "topics.#": "1",
                            "topics.2357015465": "verify"
                        },
                        "meta": {},
                        "tainted": false
                    },
                    "deposed": [],
                    "provider": "provider.github"
                },
                "github_team_repository.repo_team_push.0": {
                    "type": "github_team_repository",
                    "depends_on": [
                        "data.github_team.push_teams.*",
                        "github_repository.repo"
                    ],
                    "primary": {
                        "id": "2826122:verify-team-manual",
                        "attributes": {
                            "etag": "W/\"f9bd46893a4183e3a07f88abe0d816c9\"",
                            "id": "2826122:verify-team-manual",
                            "permission": "push",
                            "repository": "verify-team-manual",
                            "team_id": "2826122"
                        },
                        "meta": {},
                        "tainted": false
                    },
                    "deposed": [],
                    "provider": "provider.github"
                },
                "github_team_repository.repo_team_push.1": {
                    "type": "github_team_repository",
                    "depends_on": [
                        "data.github_team.push_teams.*",
                        "github_repository.repo"
                    ],
                    "primary": {
                        "id": "2826127:verify-team-manual",
                        "attributes": {
                            "etag": "W/\"f9bd46893a4183e3a07f88abe0d816c9\"",
                            "id": "2826127:verify-team-manual",
                            "permission": "push",
                            "repository": "verify-team-manual",
                            "team_id": "2826127"
                        },
                        "meta": {},
                        "tainted": false
                    },
                    "deposed": [],
                    "provider": "provider.github"
                }
            },
            "depends_on": []
        },
        {
            "path": [
                "root",
                "repo_verify_tech_team"
            ],
            "outputs": {},
            "resources": {
                "github_branch_protection.repo_protect_master": {
                    "type": "github_branch_protection",
                    "depends_on": [],
                    "primary": {
                        "id": "verify-tech-team:master",
                        "attributes": {
                            "branch": "master",
                            "enforce_admins": "false",
                            "etag": "W/\"ce52fe059b940e166aafec455b89c348\"",
                            "id": "verify-tech-team:master",
                            "repository": "verify-tech-team",
                            "required_pull_request_reviews.#": "1",
                            "required_pull_request_reviews.0.dismiss_stale_reviews": "true",
                            "required_pull_request_reviews.0.dismissal_teams.#": "0",
                            "required_pull_request_reviews.0.dismissal_users.#": "0",
                            "required_pull_request_reviews.0.include_admins": "false",
                            "required_pull_request_reviews.0.require_code_owner_reviews": "false",
                            "required_pull_request_reviews.0.required_approving_review_count": "2",
                            "required_status_checks.#": "0",
                            "restrictions.#": "0"
                        },
                        "meta": {},
                        "tainted": false
                    },
                    "deposed": [],
                    "provider": "provider.github"
                },
                "github_repository.repo": {
                    "type": "github_repository",
                    "depends_on": [],
                    "primary": {
                        "id": "verify-tech-team",
                        "attributes": {
                            "allow_merge_commit": "true",
                            "allow_rebase_merge": "false",
                            "allow_squash_merge": "false",
                            "archived": "false",
                            "auto_init": "true",
                            "default_branch": "master",
                            "description": "Data about Verify team members",
                            "etag": "W/\"61822142558124c34132910f1a2d3c1e\"",
                            "full_name": "alphagov/verify-tech-team",
                            "git_clone_url": "git://github.com/alphagov/verify-tech-team.git",
                            "has_downloads": "false",
                            "has_issues": "true",
                            "has_wiki": "true",
                            "homepage_url": "",
                            "html_url": "https://github.com/alphagov/verify-tech-team",
                            "http_clone_url": "https://github.com/alphagov/verify-tech-team.git",
                            "id": "verify-tech-team",
                            "name": "verify-tech-team",
                            "private": "true",
                            "ssh_clone_url": "git@github.com:alphagov/verify-tech-team.git",
                            "svn_url": "https://github.com/alphagov/verify-tech-team",
                            "topics.#": "1",
                            "topics.2357015465": "verify"
                        },
                        "meta": {},
                        "tainted": false
                    },
                    "deposed": [],
                    "provider": "provider.github"
                },
                "github_team_repository.repo_team_push": {
                    "type": "github_team_repository",
                    "depends_on": [
                        "data.github_team.push_teams.*",
                        "github_repository.repo"
                    ],
                    "primary": {
                        "id": "2826122:verify-tech-team",
                        "attributes": {
                            "etag": "W/\"160cd1355e271fe19d9c55a8b44f15de\"",
                            "id": "2826122:verify-tech-team",
                            "permission": "push",
                            "repository": "verify-tech-team",
                            "team_id": "2826122"
                        },
                        "meta": {},
                        "tainted": false
                    },
                    "deposed": [],
                    "provider": "provider.github"
                }
            },
            "depends_on": []
        },
        {
            "path": [
                "root",
                "repo_verify_terraform"
            ],
            "outputs": {},
            "resources": {
                "github_branch_protection.repo_protect_master": {
                    "type": "github_branch_protection",
                    "depends_on": [],
                    "primary": {
                        "id": "verify-terraform:master",
                        "attributes": {
                            "branch": "master",
                            "enforce_admins": "false",
                            "etag": "W/\"0bbe1dc40f82399f25601019f1445f0e\"",
                            "id": "verify-terraform:master",
                            "repository": "verify-terraform",
                            "required_pull_request_reviews.#": "1",
                            "required_pull_request_reviews.0.dismiss_stale_reviews": "true",
                            "required_pull_request_reviews.0.dismissal_teams.#": "0",
                            "required_pull_request_reviews.0.dismissal_users.#": "0",
                            "required_pull_request_reviews.0.include_admins": "false",
                            "required_pull_request_reviews.0.require_code_owner_reviews": "false",
                            "required_pull_request_reviews.0.required_approving_review_count": "2",
                            "required_status_checks.#": "0",
                            "restrictions.#": "0"
                        },
                        "meta": {},
                        "tainted": false
                    },
                    "deposed": [],
                    "provider": "provider.github"
                },
                "github_repository.repo": {
                    "type": "github_repository",
                    "depends_on": [],
                    "primary": {
                        "id": "verify-terraform",
                        "attributes": {
                            "allow_merge_commit": "true",
                            "allow_rebase_merge": "false",
                            "allow_squash_merge": "false",
                            "archived": "false",
                            "auto_init": "true",
                            "default_branch": "master",
                            "description": "Terraform code for GOV.UK Verify infrastructure",
                            "etag": "W/\"bc83e6bcf080a5adb20e4e45fab01420\"",
                            "full_name": "alphagov/verify-terraform",
                            "git_clone_url": "git://github.com/alphagov/verify-terraform.git",
                            "has_downloads": "false",
                            "has_issues": "true",
                            "has_wiki": "true",
                            "homepage_url": "",
                            "html_url": "https://github.com/alphagov/verify-terraform",
                            "http_clone_url": "https://github.com/alphagov/verify-terraform.git",
                            "id": "verify-terraform",
                            "name": "verify-terraform",
                            "private": "true",
                            "ssh_clone_url": "git@github.com:alphagov/verify-terraform.git",
                            "svn_url": "https://github.com/alphagov/verify-terraform",
                            "topics.#": "1",
                            "topics.2357015465": "verify"
                        },
                        "meta": {},
                        "tainted": false
                    },
                    "deposed": [],
                    "provider": "provider.github"
                },
                "github_team_repository.repo_team_push.0": {
                    "type": "github_team_repository",
                    "depends_on": [
                        "data.github_team.push_teams.*",
                        "github_repository.repo"
                    ],
                    "primary": {
                        "id": "2826122:verify-terraform",
                        "attributes": {
                            "etag": "W/\"e07d9a005d1960e92cfde13e8d2e104d\"",
                            "id": "2826122:verify-terraform",
                            "permission": "push",
                            "repository": "verify-terraform",
                            "team_id": "2826122"
                        },
                        "meta": {},
                        "tainted": false
                    },
                    "deposed": [],
                    "provider": "provider.github"
                },
                "github_team_repository.repo_team_push.1": {
                    "type": "github_team_repository",
                    "depends_on": [
                        "data.github_team.push_teams.*",
                        "github_repository.repo"
                    ],
                    "primary": {
                        "id": "2826127:verify-terraform",
                        "attributes": {
                            "etag": "W/\"e07d9a005d1960e92cfde13e8d2e104d\"",
                            "id": "2826127:verify-terraform",
                            "permission": "push",
                            "repository": "verify-terraform",
                            "team_id": "2826127"
                        },
                        "meta": {},
                        "tainted": false
                    },
                    "deposed": [],
                    "provider": "provider.github"
                }
            },
            "depends_on": []
        },
        {
            "path": [
                "root",
                "repo_verify_test_repo"
            ],
            "outputs": {},
            "resources": {
                "github_branch_protection.repo_protect_master": {
                    "type": "github_branch_protection",
                    "depends_on": [],
                    "primary": {
                        "id": "verify-test-repo:master",
                        "attributes": {
                            "branch": "master",
                            "enforce_admins": "false",
                            "etag": "W/\"6417477977e0dc3e6bbbe8a7a658a6d6\"",
                            "id": "verify-test-repo:master",
                            "repository": "verify-test-repo",
                            "required_pull_request_reviews.#": "1",
                            "required_pull_request_reviews.0.dismiss_stale_reviews": "true",
                            "required_pull_request_reviews.0.dismissal_teams.#": "0",
                            "required_pull_request_reviews.0.dismissal_users.#": "0",
                            "required_pull_request_reviews.0.include_admins": "false",
                            "required_pull_request_reviews.0.require_code_owner_reviews": "false",
                            "required_pull_request_reviews.0.required_approving_review_count": "2",
                            "required_status_checks.#": "0",
                            "restrictions.#": "0"
                        },
                        "meta": {},
                        "tainted": false
                    },
                    "deposed": [],
                    "provider": "provider.github"
                },
                "github_repository.repo": {
                    "type": "github_repository",
                    "depends_on": [],
                    "primary": {
                        "id": "verify-test-repo",
                        "attributes": {
                            "allow_merge_commit": "true",
                            "allow_rebase_merge": "false",
                            "allow_squash_merge": "false",
                            "archived": "false",
                            "auto_init": "true",
                            "default_branch": "master",
                            "description": "Test repo",
                            "etag": "W/\"2ad0493d234eea9f53ccf066018c33aa\"",
                            "full_name": "alphagov/verify-test-repo",
                            "git_clone_url": "git://github.com/alphagov/verify-test-repo.git",
                            "has_downloads": "false",
                            "has_issues": "true",
                            "has_wiki": "true",
                            "homepage_url": "",
                            "html_url": "https://github.com/alphagov/verify-test-repo",
                            "http_clone_url": "https://github.com/alphagov/verify-test-repo.git",
                            "id": "verify-test-repo",
                            "name": "verify-test-repo",
                            "private": "false",
                            "ssh_clone_url": "git@github.com:alphagov/verify-test-repo.git",
                            "svn_url": "https://github.com/alphagov/verify-test-repo",
                            "topics.#": "0"
                        },
                        "meta": {},
                        "tainted": false
                    },
                    "deposed": [],
                    "provider": "provider.github"
                },
                "github_team_repository.repo_team_push": {
                    "type": "github_team_repository",
                    "depends_on": [
                        "data.github_team.teams.*",
                        "github_repository.repo"
                    ],
                    "primary": {
                        "id": "2826122:verify-test-repo",
                        "attributes": {
                            "etag": "W/\"64f8a952eee7550b89057de800d9eb8e\"",
                            "id": "2826122:verify-test-repo",
                            "permission": "push",
                            "repository": "verify-test-repo",
                            "team_id": "2826122"
                        },
                        "meta": {},
                        "tainted": false
                    },
                    "deposed": [],
                    "provider": "provider.github"
                }
            },
            "depends_on": []
        },
        {
            "path": [
                "root",
                "repo_verify_test_rp"
            ],
            "outputs": {},
            "resources": {
                "github_branch_protection.repo_protect_master": {
                    "type": "github_branch_protection",
                    "depends_on": [],
                    "primary": {
                        "id": "verify-test-rp:master",
                        "attributes": {
                            "branch": "master",
                            "enforce_admins": "false",
                            "etag": "W/\"a9cb3cdd93c56a16e17ef94a740fe4c1\"",
                            "id": "verify-test-rp:master",
                            "repository": "verify-test-rp",
                            "required_pull_request_reviews.#": "1",
                            "required_pull_request_reviews.0.dismiss_stale_reviews": "true",
                            "required_pull_request_reviews.0.dismissal_teams.#": "0",
                            "required_pull_request_reviews.0.dismissal_users.#": "0",
                            "required_pull_request_reviews.0.include_admins": "false",
                            "required_pull_request_reviews.0.require_code_owner_reviews": "false",
                            "required_pull_request_reviews.0.required_approving_review_count": "2",
                            "required_status_checks.#": "0",
                            "restrictions.#": "0"
                        },
                        "meta": {},
                        "tainted": false
                    },
                    "deposed": [],
                    "provider": "provider.github"
                },
                "github_repository.repo": {
                    "type": "github_repository",
                    "depends_on": [],
                    "primary": {
                        "id": "verify-test-rp",
                        "attributes": {
                            "allow_merge_commit": "true",
                            "allow_rebase_merge": "false",
                            "allow_squash_merge": "false",
                            "archived": "false",
                            "auto_init": "true",
                            "default_branch": "master",
                            "description": "Verify Test Relying Party",
                            "etag": "W/\"cfed3ef1997ed9ec26a0a9419de5979f\"",
                            "full_name": "alphagov/verify-test-rp",
                            "git_clone_url": "git://github.com/alphagov/verify-test-rp.git",
                            "has_downloads": "false",
                            "has_issues": "true",
                            "has_wiki": "true",
                            "homepage_url": "",
                            "html_url": "https://github.com/alphagov/verify-test-rp",
                            "http_clone_url": "https://github.com/alphagov/verify-test-rp.git",
                            "id": "verify-test-rp",
                            "name": "verify-test-rp",
                            "private": "false",
                            "ssh_clone_url": "git@github.com:alphagov/verify-test-rp.git",
                            "svn_url": "https://github.com/alphagov/verify-test-rp",
                            "topics.#": "3",
                            "topics.1785148924": "test",
                            "topics.2357015465": "verify",
                            "topics.3725491923": "relying-party"
                        },
                        "meta": {},
                        "tainted": false
                    },
                    "deposed": [],
                    "provider": "provider.github"
                },
                "github_team_repository.repo_team_push": {
                    "type": "github_team_repository",
                    "depends_on": [
                        "data.github_team.teams.*",
                        "github_repository.repo"
                    ],
                    "primary": {
                        "id": "2826122:verify-test-rp",
                        "attributes": {
                            "etag": "W/\"0e40eea38ad887357f70ee0a8d804c70\"",
                            "id": "2826122:verify-test-rp",
                            "permission": "push",
                            "repository": "verify-test-rp",
                            "team_id": "2826122"
                        },
                        "meta": {},
                        "tainted": false
                    },
                    "deposed": [],
                    "provider": "provider.github"
                }
            },
            "depends_on": []
        },
        {
            "path": [
                "root",
                "repo_verify_token_service"
            ],
            "outputs": {},
            "resources": {
                "github_branch_protection.repo_protect_master": {
                    "type": "github_branch_protection",
                    "depends_on": [],
                    "primary": {
                        "id": "verify-token-service:master",
                        "attributes": {
                            "branch": "master",
                            "enforce_admins": "false",
                            "etag": "W/\"cfe64bc17197081a2d363b082d52581d\"",
                            "id": "verify-token-service:master",
                            "repository": "verify-token-service",
                            "required_pull_request_reviews.#": "1",
                            "required_pull_request_reviews.0.dismiss_stale_reviews": "true",
                            "required_pull_request_reviews.0.dismissal_teams.#": "0",
                            "required_pull_request_reviews.0.dismissal_users.#": "0",
                            "required_pull_request_reviews.0.include_admins": "false",
                            "required_pull_request_reviews.0.require_code_owner_reviews": "false",
                            "required_pull_request_reviews.0.required_approving_review_count": "2",
                            "required_status_checks.#": "0",
                            "restrictions.#": "0"
                        },
                        "meta": {},
                        "tainted": false
                    },
                    "deposed": [],
                    "provider": "provider.github"
                },
                "github_repository.repo": {
                    "type": "github_repository",
                    "depends_on": [],
                    "primary": {
                        "id": "verify-token-service",
                        "attributes": {
                            "allow_merge_commit": "true",
                            "allow_rebase_merge": "false",
                            "allow_squash_merge": "false",
                            "archived": "true",
                            "auto_init": "true",
                            "default_branch": "master",
                            "description": "Verify Token Service",
                            "etag": "W/\"4834323d90366ebbd4d739c698f6449e\"",
                            "full_name": "alphagov/verify-token-service",
                            "git_clone_url": "git://github.com/alphagov/verify-token-service.git",
                            "has_downloads": "false",
                            "has_issues": "true",
                            "has_wiki": "true",
                            "homepage_url": "",
                            "html_url": "https://github.com/alphagov/verify-token-service",
                            "http_clone_url": "https://github.com/alphagov/verify-token-service.git",
                            "id": "verify-token-service",
                            "name": "verify-token-service",
                            "private": "true",
                            "ssh_clone_url": "git@github.com:alphagov/verify-token-service.git",
                            "svn_url": "https://github.com/alphagov/verify-token-service",
                            "topics.#": "1",
                            "topics.2357015465": "verify"
                        },
                        "meta": {},
                        "tainted": false
                    },
                    "deposed": [],
                    "provider": "provider.github"
                },
                "github_team_repository.repo_team_push": {
                    "type": "github_team_repository",
                    "depends_on": [
                        "data.github_team.teams.*",
                        "github_repository.repo"
                    ],
                    "primary": {
                        "id": "2826122:verify-token-service",
                        "attributes": {
                            "etag": "W/\"1ddf182ec6a676ce84461ef0e49a972e\"",
                            "id": "2826122:verify-token-service",
                            "permission": "pull",
                            "repository": "verify-token-service",
                            "team_id": "2826122"
                        },
                        "meta": {},
                        "tainted": false
                    },
                    "deposed": [],
                    "provider": "provider.github"
                }
            },
            "depends_on": []
        },
        {
            "path": [
                "root",
                "repo_verify_utils_libs"
            ],
            "outputs": {},
            "resources": {
                "github_branch_protection.repo_protect_master": {
                    "type": "github_branch_protection",
                    "depends_on": [],
                    "primary": {
                        "id": "verify-utils-libs:master",
                        "attributes": {
                            "branch": "master",
                            "enforce_admins": "false",
                            "etag": "W/\"db9dd4f45e294093a80f14c00987e1ee\"",
                            "id": "verify-utils-libs:master",
                            "repository": "verify-utils-libs",
                            "required_pull_request_reviews.#": "1",
                            "required_pull_request_reviews.0.dismiss_stale_reviews": "true",
                            "required_pull_request_reviews.0.dismissal_teams.#": "0",
                            "required_pull_request_reviews.0.dismissal_users.#": "0",
                            "required_pull_request_reviews.0.include_admins": "false",
                            "required_pull_request_reviews.0.require_code_owner_reviews": "false",
                            "required_pull_request_reviews.0.required_approving_review_count": "2",
                            "required_status_checks.#": "0",
                            "restrictions.#": "0"
                        },
                        "meta": {},
                        "tainted": false
                    },
                    "deposed": [],
                    "provider": "provider.github"
                },
                "github_repository.repo": {
                    "type": "github_repository",
                    "depends_on": [],
                    "primary": {
                        "id": "verify-utils-libs",
                        "attributes": {
                            "allow_merge_commit": "true",
                            "allow_rebase_merge": "false",
                            "allow_squash_merge": "false",
                            "archived": "false",
                            "auto_init": "true",
                            "default_branch": "master",
                            "description": "Libraries used across multiple Verify projects",
                            "etag": "W/\"5ad9106ef13129dd310cad8931dddd88\"",
                            "full_name": "alphagov/verify-utils-libs",
                            "git_clone_url": "git://github.com/alphagov/verify-utils-libs.git",
                            "has_downloads": "false",
                            "has_issues": "true",
                            "has_wiki": "true",
                            "homepage_url": "",
                            "html_url": "https://github.com/alphagov/verify-utils-libs",
                            "http_clone_url": "https://github.com/alphagov/verify-utils-libs.git",
                            "id": "verify-utils-libs",
                            "name": "verify-utils-libs",
                            "private": "false",
                            "ssh_clone_url": "git@github.com:alphagov/verify-utils-libs.git",
                            "svn_url": "https://github.com/alphagov/verify-utils-libs",
                            "topics.#": "1",
                            "topics.2357015465": "verify"
                        },
                        "meta": {},
                        "tainted": false
                    },
                    "deposed": [],
                    "provider": "provider.github"
                },
                "github_team_repository.repo_team_push": {
                    "type": "github_team_repository",
                    "depends_on": [
                        "data.github_team.teams.*",
                        "github_repository.repo"
                    ],
                    "primary": {
                        "id": "2826122:verify-utils-libs",
                        "attributes": {
                            "etag": "W/\"938be6ec282628f28cbd80ca33a9d2ff\"",
                            "id": "2826122:verify-utils-libs",
                            "permission": "push",
                            "repository": "verify-utils-libs",
                            "team_id": "2826122"
                        },
                        "meta": {},
                        "tainted": false
                    },
                    "deposed": [],
                    "provider": "provider.github"
                }
            },
            "depends_on": []
        }
    ]
}
