{
    "version": 3,
    "terraform_version": "0.11.11",
    "serial": 226,
    "lineage": "e05ac5fe-9a52-a058-fa84-c98012a6fa07",
    "modules": [
        {
            "path": [
                "root"
            ],
            "outputs": {},
            "resources": {},
            "depends_on": []
        },
        {
            "path": [
                "root",
                "repo_dcs_client"
            ],
            "outputs": {},
            "resources": {
                "data.github_team.push_teams": {
                    "type": "github_team",
                    "depends_on": [],
                    "primary": {
                        "id": "2826122",
                        "attributes": {
                            "description": "Verify tech team: verify-tech-team-core",
                            "id": "2826122",
                            "members.#": "30",
                            "members.0": "idrop",
                            "members.1": "46bit",
                            "members.10": "zilnhoj",
                            "members.11": "vixus0",
                            "members.12": "robinmitra",
                            "members.13": "brenetic",
                            "members.14": "nacnudus",
                            "members.15": "CharlesIC",
                            "members.16": "jkunle",
                            "members.17": "sakisv",
                            "members.18": "mikieet",
                            "members.19": "Rosa-Fox",
                            "members.2": "galund",
                            "members.20": "AnneCarr",
                            "members.21": "ida-build-bot",
                            "members.22": "chrisclayson",
                            "members.23": "blairboy362",
                            "members.24": "Wynndow",
                            "members.25": "andy-paine",
                            "members.26": "tomrosier",
                            "members.27": "bjgill",
                            "members.28": "RacingHippo",
                            "members.29": "bravegrape",
                            "members.3": "issyl0",
                            "members.4": "phantas",
                            "members.5": "philandstuff",
                            "members.6": "chrisholmes",
                            "members.7": "thomasalanlee",
                            "members.8": "tlwr",
                            "members.9": "kerrr",
                            "name": "verify-tech-team-core",
                            "permission": "pull",
                            "privacy": "closed",
                            "slug": "verify-tech-team-core"
                        },
                        "meta": {},
                        "tainted": false
                    },
                    "deposed": [],
                    "provider": "provider.github"
                },
                "github_branch_protection.repo_protect_master": {
                    "type": "github_branch_protection",
                    "depends_on": [],
                    "primary": {
                        "id": "dcs-client:master",
                        "attributes": {
                            "branch": "master",
                            "enforce_admins": "false",
                            "etag": "W/\"1db5fd1108a4a565fcc00dd40b4b7c66\"",
                            "id": "dcs-client:master",
                            "repository": "dcs-client",
                            "required_pull_request_reviews.#": "1",
                            "required_pull_request_reviews.0.dismiss_stale_reviews": "true",
                            "required_pull_request_reviews.0.dismissal_teams.#": "0",
                            "required_pull_request_reviews.0.dismissal_users.#": "0",
                            "required_pull_request_reviews.0.include_admins": "false",
                            "required_pull_request_reviews.0.require_code_owner_reviews": "false",
                            "required_status_checks.#": "0",
                            "restrictions.#": "0"
                        },
                        "meta": {},
                        "tainted": false
                    },
                    "deposed": [],
                    "provider": "provider.github"
                },
                "github_repository.repo": {
                    "type": "github_repository",
                    "depends_on": [],
                    "primary": {
                        "id": "dcs-client",
                        "attributes": {
                            "allow_merge_commit": "true",
                            "allow_rebase_merge": "false",
                            "allow_squash_merge": "false",
                            "archived": "false",
                            "auto_init": "true",
                            "default_branch": "master",
                            "description": "A client for the Document Checking Service",
                            "etag": "W/\"e60d0399d719db9376a45b55803bfd7c\"",
                            "full_name": "alphagov/dcs-client",
                            "git_clone_url": "git://github.com/alphagov/dcs-client.git",
                            "has_downloads": "false",
                            "has_issues": "true",
                            "has_wiki": "true",
                            "homepage_url": "",
                            "html_url": "https://github.com/alphagov/dcs-client",
                            "http_clone_url": "https://github.com/alphagov/dcs-client.git",
                            "id": "dcs-client",
                            "name": "dcs-client",
                            "private": "false",
                            "ssh_clone_url": "git@github.com:alphagov/dcs-client.git",
                            "svn_url": "https://github.com/alphagov/dcs-client",
                            "topics.#": "2",
                            "topics.1787300128": "dcs",
                            "topics.2357015465": "verify"
                        },
                        "meta": {},
                        "tainted": false
                    },
                    "deposed": [],
                    "provider": "provider.github"
                },
                "github_team_repository.repo_team_push": {
                    "type": "github_team_repository",
                    "depends_on": [
                        "data.github_team.push_teams.*",
                        "github_repository.repo"
                    ],
                    "primary": {
                        "id": "2826122:dcs-client",
                        "attributes": {
                            "etag": "W/\"bfd1f0a1f9ac8a2cd76ebb33ddcc65f2\"",
                            "id": "2826122:dcs-client",
                            "permission": "push",
                            "repository": "dcs-client",
                            "team_id": "2826122"
                        },
                        "meta": {},
                        "tainted": false
                    },
                    "deposed": [],
                    "provider": "provider.github"
                }
            },
            "depends_on": []
        },
        {
            "path": [
                "root",
                "repo_dcs_client_acceptance_tests"
            ],
            "outputs": {},
            "resources": {
                "data.github_team.push_teams": {
                    "type": "github_team",
                    "depends_on": [],
                    "primary": {
                        "id": "2826122",
                        "attributes": {
                            "description": "Verify tech team: verify-tech-team-core",
                            "id": "2826122",
                            "members.#": "30",
                            "members.0": "idrop",
                            "members.1": "46bit",
                            "members.10": "zilnhoj",
                            "members.11": "vixus0",
                            "members.12": "robinmitra",
                            "members.13": "brenetic",
                            "members.14": "nacnudus",
                            "members.15": "CharlesIC",
                            "members.16": "jkunle",
                            "members.17": "sakisv",
                            "members.18": "mikieet",
                            "members.19": "Rosa-Fox",
                            "members.2": "galund",
                            "members.20": "AnneCarr",
                            "members.21": "ida-build-bot",
                            "members.22": "chrisclayson",
                            "members.23": "blairboy362",
                            "members.24": "Wynndow",
                            "members.25": "andy-paine",
                            "members.26": "tomrosier",
                            "members.27": "bjgill",
                            "members.28": "RacingHippo",
                            "members.29": "bravegrape",
                            "members.3": "issyl0",
                            "members.4": "phantas",
                            "members.5": "philandstuff",
                            "members.6": "chrisholmes",
                            "members.7": "thomasalanlee",
                            "members.8": "tlwr",
                            "members.9": "kerrr",
                            "name": "verify-tech-team-core",
                            "permission": "pull",
                            "privacy": "closed",
                            "slug": "verify-tech-team-core"
                        },
                        "meta": {},
                        "tainted": false
                    },
                    "deposed": [],
                    "provider": "provider.github"
                },
                "github_branch_protection.repo_protect_master": {
                    "type": "github_branch_protection",
                    "depends_on": [],
                    "primary": {
                        "id": "dcs-client-acceptance-tests:master",
                        "attributes": {
                            "branch": "master",
                            "enforce_admins": "false",
                            "etag": "W/\"a139943cbe8ab58b5ed2bcea8b3bd0ce\"",
                            "id": "dcs-client-acceptance-tests:master",
                            "repository": "dcs-client-acceptance-tests",
                            "required_pull_request_reviews.#": "1",
                            "required_pull_request_reviews.0.dismiss_stale_reviews": "true",
                            "required_pull_request_reviews.0.dismissal_teams.#": "0",
                            "required_pull_request_reviews.0.dismissal_users.#": "0",
                            "required_pull_request_reviews.0.include_admins": "false",
                            "required_pull_request_reviews.0.require_code_owner_reviews": "false",
                            "required_status_checks.#": "0",
                            "restrictions.#": "0"
                        },
                        "meta": {},
                        "tainted": false
                    },
                    "deposed": [],
                    "provider": "provider.github"
                },
                "github_repository.repo": {
                    "type": "github_repository",
                    "depends_on": [],
                    "primary": {
                        "id": "dcs-client-acceptance-tests",
                        "attributes": {
                            "allow_merge_commit": "true",
                            "allow_rebase_merge": "false",
                            "allow_squash_merge": "false",
                            "archived": "false",
                            "auto_init": "true",
                            "default_branch": "master",
                            "description": "Acceptance tests for the DCS client - https://github.com/alphagov/dcs-client",
                            "etag": "W/\"4296d67efc86401679f539aac038b953\"",
                            "full_name": "alphagov/dcs-client-acceptance-tests",
                            "git_clone_url": "git://github.com/alphagov/dcs-client-acceptance-tests.git",
                            "has_downloads": "false",
                            "has_issues": "true",
                            "has_wiki": "true",
                            "homepage_url": "",
                            "html_url": "https://github.com/alphagov/dcs-client-acceptance-tests",
                            "http_clone_url": "https://github.com/alphagov/dcs-client-acceptance-tests.git",
                            "id": "dcs-client-acceptance-tests",
                            "name": "dcs-client-acceptance-tests",
                            "private": "true",
                            "ssh_clone_url": "git@github.com:alphagov/dcs-client-acceptance-tests.git",
                            "svn_url": "https://github.com/alphagov/dcs-client-acceptance-tests",
                            "topics.#": "1",
                            "topics.2357015465": "verify"
                        },
                        "meta": {},
                        "tainted": false
                    },
                    "deposed": [],
                    "provider": "provider.github"
                },
                "github_team_repository.repo_team_push": {
                    "type": "github_team_repository",
                    "depends_on": [
                        "data.github_team.push_teams.*",
                        "github_repository.repo"
                    ],
                    "primary": {
                        "id": "2826122:dcs-client-acceptance-tests",
                        "attributes": {
                            "etag": "W/\"eb5b8daecdc17ee3650729582e8b4a19\"",
                            "id": "2826122:dcs-client-acceptance-tests",
                            "permission": "push",
                            "repository": "dcs-client-acceptance-tests",
                            "team_id": "2826122"
                        },
                        "meta": {},
                        "tainted": false
                    },
                    "deposed": [],
                    "provider": "provider.github"
                }
            },
            "depends_on": []
        },
        {
            "path": [
                "root",
                "repo_dcs_performance_tests"
            ],
            "outputs": {},
            "resources": {
                "data.github_team.push_teams": {
                    "type": "github_team",
                    "depends_on": [],
                    "primary": {
                        "id": "2826122",
                        "attributes": {
                            "description": "Verify tech team: verify-tech-team-core",
                            "id": "2826122",
                            "members.#": "30",
                            "members.0": "idrop",
                            "members.1": "46bit",
                            "members.10": "zilnhoj",
                            "members.11": "vixus0",
                            "members.12": "robinmitra",
                            "members.13": "brenetic",
                            "members.14": "nacnudus",
                            "members.15": "CharlesIC",
                            "members.16": "jkunle",
                            "members.17": "sakisv",
                            "members.18": "mikieet",
                            "members.19": "Rosa-Fox",
                            "members.2": "galund",
                            "members.20": "AnneCarr",
                            "members.21": "ida-build-bot",
                            "members.22": "chrisclayson",
                            "members.23": "blairboy362",
                            "members.24": "Wynndow",
                            "members.25": "andy-paine",
                            "members.26": "tomrosier",
                            "members.27": "bjgill",
                            "members.28": "RacingHippo",
                            "members.29": "bravegrape",
                            "members.3": "issyl0",
                            "members.4": "phantas",
                            "members.5": "philandstuff",
                            "members.6": "chrisholmes",
                            "members.7": "thomasalanlee",
                            "members.8": "tlwr",
                            "members.9": "kerrr",
                            "name": "verify-tech-team-core",
                            "permission": "pull",
                            "privacy": "closed",
                            "slug": "verify-tech-team-core"
                        },
                        "meta": {},
                        "tainted": false
                    },
                    "deposed": [],
                    "provider": "provider.github"
                },
                "github_branch_protection.repo_protect_master": {
                    "type": "github_branch_protection",
                    "depends_on": [],
                    "primary": {
                        "id": "dcs-performance-tests:master",
                        "attributes": {
                            "branch": "master",
                            "enforce_admins": "false",
                            "etag": "W/\"cb77f3ecc701d53feb199be5d5e0a87b\"",
                            "id": "dcs-performance-tests:master",
                            "repository": "dcs-performance-tests",
                            "required_pull_request_reviews.#": "1",
                            "required_pull_request_reviews.0.dismiss_stale_reviews": "true",
                            "required_pull_request_reviews.0.dismissal_teams.#": "0",
                            "required_pull_request_reviews.0.dismissal_users.#": "0",
                            "required_pull_request_reviews.0.include_admins": "false",
                            "required_pull_request_reviews.0.require_code_owner_reviews": "false",
                            "required_status_checks.#": "0",
                            "restrictions.#": "0"
                        },
                        "meta": {},
                        "tainted": false
                    },
                    "deposed": [],
                    "provider": "provider.github"
                },
                "github_repository.repo": {
                    "type": "github_repository",
                    "depends_on": [],
                    "primary": {
                        "id": "dcs-performance-tests",
                        "attributes": {
                            "allow_merge_commit": "true",
                            "allow_rebase_merge": "false",
                            "allow_squash_merge": "false",
                            "archived": "false",
                            "auto_init": "true",
                            "default_branch": "master",
                            "description": "Verify DCS Performance Tests",
                            "etag": "W/\"3c3941699e3f3eee04d4e7bfc24b5cf6\"",
                            "full_name": "alphagov/dcs-performance-tests",
                            "git_clone_url": "git://github.com/alphagov/dcs-performance-tests.git",
                            "has_downloads": "false",
                            "has_issues": "true",
                            "has_wiki": "true",
                            "homepage_url": "",
                            "html_url": "https://github.com/alphagov/dcs-performance-tests",
                            "http_clone_url": "https://github.com/alphagov/dcs-performance-tests.git",
                            "id": "dcs-performance-tests",
                            "name": "dcs-performance-tests",
                            "private": "true",
                            "ssh_clone_url": "git@github.com:alphagov/dcs-performance-tests.git",
                            "svn_url": "https://github.com/alphagov/dcs-performance-tests",
                            "topics.#": "1",
                            "topics.2357015465": "verify"
                        },
                        "meta": {},
                        "tainted": false
                    },
                    "deposed": [],
                    "provider": "provider.github"
                },
                "github_team_repository.repo_team_push": {
                    "type": "github_team_repository",
                    "depends_on": [
                        "data.github_team.push_teams.*",
                        "github_repository.repo"
                    ],
                    "primary": {
                        "id": "2826122:dcs-performance-tests",
                        "attributes": {
                            "etag": "W/\"da87826191dff17bea04ec539e0e77d4\"",
                            "id": "2826122:dcs-performance-tests",
                            "permission": "push",
                            "repository": "dcs-performance-tests",
                            "team_id": "2826122"
                        },
                        "meta": {},
                        "tainted": false
                    },
                    "deposed": [],
                    "provider": "provider.github"
                }
            },
            "depends_on": []
        },
        {
            "path": [
                "root",
                "repo_doc_checking"
            ],
            "outputs": {},
            "resources": {
                "data.github_team.push_teams": {
                    "type": "github_team",
                    "depends_on": [],
                    "primary": {
                        "id": "2826122",
                        "attributes": {
                            "description": "Verify tech team: verify-tech-team-core",
                            "id": "2826122",
                            "members.#": "30",
                            "members.0": "idrop",
                            "members.1": "46bit",
                            "members.10": "zilnhoj",
                            "members.11": "vixus0",
                            "members.12": "robinmitra",
                            "members.13": "brenetic",
                            "members.14": "nacnudus",
                            "members.15": "CharlesIC",
                            "members.16": "jkunle",
                            "members.17": "sakisv",
                            "members.18": "mikieet",
                            "members.19": "Rosa-Fox",
                            "members.2": "galund",
                            "members.20": "AnneCarr",
                            "members.21": "ida-build-bot",
                            "members.22": "chrisclayson",
                            "members.23": "blairboy362",
                            "members.24": "Wynndow",
                            "members.25": "andy-paine",
                            "members.26": "tomrosier",
                            "members.27": "bjgill",
                            "members.28": "RacingHippo",
                            "members.29": "bravegrape",
                            "members.3": "issyl0",
                            "members.4": "phantas",
                            "members.5": "philandstuff",
                            "members.6": "chrisholmes",
                            "members.7": "thomasalanlee",
                            "members.8": "tlwr",
                            "members.9": "kerrr",
                            "name": "verify-tech-team-core",
                            "permission": "pull",
                            "privacy": "closed",
                            "slug": "verify-tech-team-core"
                        },
                        "meta": {},
                        "tainted": false
                    },
                    "deposed": [],
                    "provider": "provider.github"
                },
                "github_branch_protection.repo_protect_master": {
                    "type": "github_branch_protection",
                    "depends_on": [],
                    "primary": {
                        "id": "doc-checking:master",
                        "attributes": {
                            "branch": "master",
                            "enforce_admins": "false",
                            "etag": "W/\"d84a97e11113bf8228886b6e282e71f9\"",
                            "id": "doc-checking:master",
                            "repository": "doc-checking",
                            "required_pull_request_reviews.#": "1",
                            "required_pull_request_reviews.0.dismiss_stale_reviews": "true",
                            "required_pull_request_reviews.0.dismissal_teams.#": "0",
                            "required_pull_request_reviews.0.dismissal_users.#": "0",
                            "required_pull_request_reviews.0.include_admins": "false",
                            "required_pull_request_reviews.0.require_code_owner_reviews": "false",
                            "required_status_checks.#": "0",
                            "restrictions.#": "0"
                        },
                        "meta": {},
                        "tainted": false
                    },
                    "deposed": [],
                    "provider": "provider.github"
                },
                "github_repository.repo": {
                    "type": "github_repository",
                    "depends_on": [],
                    "primary": {
                        "id": "doc-checking",
                        "attributes": {
                            "allow_merge_commit": "true",
                            "allow_rebase_merge": "false",
                            "allow_squash_merge": "false",
                            "archived": "false",
                            "auto_init": "true",
                            "default_branch": "master",
                            "description": "Verify Document Checking Service",
                            "etag": "W/\"f9024fd70bc8ebad00382507c6997ca2\"",
                            "full_name": "alphagov/doc-checking",
                            "git_clone_url": "git://github.com/alphagov/doc-checking.git",
                            "has_downloads": "false",
                            "has_issues": "true",
                            "has_wiki": "true",
                            "homepage_url": "",
                            "html_url": "https://github.com/alphagov/doc-checking",
                            "http_clone_url": "https://github.com/alphagov/doc-checking.git",
                            "id": "doc-checking",
                            "name": "doc-checking",
                            "private": "true",
                            "ssh_clone_url": "git@github.com:alphagov/doc-checking.git",
                            "svn_url": "https://github.com/alphagov/doc-checking",
                            "topics.#": "1",
                            "topics.2357015465": "verify"
                        },
                        "meta": {},
                        "tainted": false
                    },
                    "deposed": [],
                    "provider": "provider.github"
                },
                "github_team_repository.repo_team_push": {
                    "type": "github_team_repository",
                    "depends_on": [
                        "data.github_team.push_teams.*",
                        "github_repository.repo"
                    ],
                    "primary": {
                        "id": "2826122:doc-checking",
                        "attributes": {
                            "etag": "W/\"cf8968871ce4a8db0455511e2bacd394\"",
                            "id": "2826122:doc-checking",
                            "permission": "push",
                            "repository": "doc-checking",
                            "team_id": "2826122"
                        },
                        "meta": {},
                        "tainted": false
                    },
                    "deposed": [],
                    "provider": "provider.github"
                }
            },
            "depends_on": []
        },
        {
            "path": [
                "root",
                "repo_ida_compliance_tool"
            ],
            "outputs": {},
            "resources": {
                "data.github_team.push_teams": {
                    "type": "github_team",
                    "depends_on": [],
                    "primary": {
                        "id": "2826122",
                        "attributes": {
                            "description": "Verify tech team: verify-tech-team-core",
                            "id": "2826122",
                            "members.#": "30",
                            "members.0": "idrop",
                            "members.1": "46bit",
                            "members.10": "zilnhoj",
                            "members.11": "vixus0",
                            "members.12": "robinmitra",
                            "members.13": "brenetic",
                            "members.14": "nacnudus",
                            "members.15": "CharlesIC",
                            "members.16": "jkunle",
                            "members.17": "sakisv",
                            "members.18": "mikieet",
                            "members.19": "Rosa-Fox",
                            "members.2": "galund",
                            "members.20": "AnneCarr",
                            "members.21": "ida-build-bot",
                            "members.22": "chrisclayson",
                            "members.23": "blairboy362",
                            "members.24": "Wynndow",
                            "members.25": "andy-paine",
                            "members.26": "tomrosier",
                            "members.27": "bjgill",
                            "members.28": "RacingHippo",
                            "members.29": "bravegrape",
                            "members.3": "issyl0",
                            "members.4": "phantas",
                            "members.5": "philandstuff",
                            "members.6": "chrisholmes",
                            "members.7": "thomasalanlee",
                            "members.8": "tlwr",
                            "members.9": "kerrr",
                            "name": "verify-tech-team-core",
                            "permission": "pull",
                            "privacy": "closed",
                            "slug": "verify-tech-team-core"
                        },
                        "meta": {},
                        "tainted": false
                    },
                    "deposed": [],
                    "provider": "provider.github"
                },
                "github_branch_protection.repo_protect_master": {
                    "type": "github_branch_protection",
                    "depends_on": [
                        "github_repository.repo"
                    ],
                    "primary": {
                        "id": "ida-compliance-tool:master",
                        "attributes": {
                            "branch": "master",
                            "enforce_admins": "false",
                            "etag": "W/\"8f9412c65e67edf65001221b00c7ba50\"",
                            "id": "ida-compliance-tool:master",
                            "repository": "ida-compliance-tool",
                            "required_pull_request_reviews.#": "1",
                            "required_pull_request_reviews.0.dismiss_stale_reviews": "true",
                            "required_pull_request_reviews.0.dismissal_teams.#": "0",
                            "required_pull_request_reviews.0.dismissal_users.#": "0",
                            "required_pull_request_reviews.0.include_admins": "false",
                            "required_pull_request_reviews.0.require_code_owner_reviews": "false",
                            "required_status_checks.#": "0",
                            "restrictions.#": "0"
                        },
                        "meta": {},
                        "tainted": false
                    },
                    "deposed": [],
                    "provider": "provider.github"
                },
                "github_repository.repo": {
                    "type": "github_repository",
                    "depends_on": [],
                    "primary": {
                        "id": "ida-compliance-tool",
                        "attributes": {
                            "allow_merge_commit": "true",
                            "allow_rebase_merge": "false",
                            "allow_squash_merge": "false",
                            "archived": "false",
                            "auto_init": "true",
                            "default_branch": "master",
                            "description": "Verify Compliance Tool (temporary)",
                            "etag": "W/\"e975c010d90083109d20109c293aa92e\"",
                            "full_name": "alphagov/ida-compliance-tool",
                            "git_clone_url": "git://github.com/alphagov/ida-compliance-tool.git",
                            "has_downloads": "false",
                            "has_issues": "true",
                            "has_wiki": "true",
                            "homepage_url": "",
                            "html_url": "https://github.com/alphagov/ida-compliance-tool",
                            "http_clone_url": "https://github.com/alphagov/ida-compliance-tool.git",
                            "id": "ida-compliance-tool",
                            "name": "ida-compliance-tool",
                            "private": "true",
                            "ssh_clone_url": "git@github.com:alphagov/ida-compliance-tool.git",
                            "svn_url": "https://github.com/alphagov/ida-compliance-tool",
                            "topics.#": "1",
                            "topics.2357015465": "verify"
                        },
                        "meta": {},
                        "tainted": false
                    },
                    "deposed": [],
                    "provider": "provider.github"
                },
                "github_team_repository.repo_team_push": {
                    "type": "github_team_repository",
                    "depends_on": [
                        "data.github_team.teams.*",
                        "github_repository.repo"
                    ],
                    "primary": {
                        "id": "2826122:ida-compliance-tool",
                        "attributes": {
                            "etag": "W/\"a3bce28a9ad03d1897604ababa9beb18\"",
                            "id": "2826122:ida-compliance-tool",
                            "permission": "push",
                            "repository": "ida-compliance-tool",
                            "team_id": "2826122"
                        },
                        "meta": {},
                        "tainted": false
                    },
                    "deposed": [],
                    "provider": "provider.github"
                }
            },
            "depends_on": []
        },
        {
            "path": [
                "root",
                "repo_ida_hub_acceptance_tests"
            ],
            "outputs": {},
            "resources": {
                "data.github_team.push_teams": {
                    "type": "github_team",
                    "depends_on": [],
                    "primary": {
                        "id": "2826122",
                        "attributes": {
                            "description": "Verify tech team: verify-tech-team-core",
                            "id": "2826122",
                            "members.#": "30",
                            "members.0": "idrop",
                            "members.1": "46bit",
                            "members.10": "zilnhoj",
                            "members.11": "vixus0",
                            "members.12": "robinmitra",
                            "members.13": "brenetic",
                            "members.14": "nacnudus",
                            "members.15": "CharlesIC",
                            "members.16": "jkunle",
                            "members.17": "sakisv",
                            "members.18": "mikieet",
                            "members.19": "Rosa-Fox",
                            "members.2": "galund",
                            "members.20": "AnneCarr",
                            "members.21": "ida-build-bot",
                            "members.22": "chrisclayson",
                            "members.23": "blairboy362",
                            "members.24": "Wynndow",
                            "members.25": "andy-paine",
                            "members.26": "tomrosier",
                            "members.27": "bjgill",
                            "members.28": "RacingHippo",
                            "members.29": "bravegrape",
                            "members.3": "issyl0",
                            "members.4": "phantas",
                            "members.5": "philandstuff",
                            "members.6": "chrisholmes",
                            "members.7": "thomasalanlee",
                            "members.8": "tlwr",
                            "members.9": "kerrr",
                            "name": "verify-tech-team-core",
                            "permission": "pull",
                            "privacy": "closed",
                            "slug": "verify-tech-team-core"
                        },
                        "meta": {},
                        "tainted": false
                    },
                    "deposed": [],
                    "provider": "provider.github"
                },
                "github_branch_protection.repo_protect_master": {
                    "type": "github_branch_protection",
                    "depends_on": [
                        "github_repository.repo"
                    ],
                    "primary": {
                        "id": "ida-hub-acceptance-tests:master",
                        "attributes": {
                            "branch": "master",
                            "enforce_admins": "false",
                            "etag": "W/\"d6e79767b0767e47c704dcae14d7a849\"",
                            "id": "ida-hub-acceptance-tests:master",
                            "repository": "ida-hub-acceptance-tests",
                            "required_pull_request_reviews.#": "1",
                            "required_pull_request_reviews.0.dismiss_stale_reviews": "true",
                            "required_pull_request_reviews.0.dismissal_teams.#": "0",
                            "required_pull_request_reviews.0.dismissal_users.#": "0",
                            "required_pull_request_reviews.0.include_admins": "false",
                            "required_pull_request_reviews.0.require_code_owner_reviews": "false",
                            "required_status_checks.#": "0",
                            "restrictions.#": "0"
                        },
                        "meta": {},
                        "tainted": false
                    },
                    "deposed": [],
                    "provider": "provider.github"
                },
                "github_repository.repo": {
                    "type": "github_repository",
                    "depends_on": [],
                    "primary": {
                        "id": "ida-hub-acceptance-tests",
                        "attributes": {
                            "allow_merge_commit": "true",
                            "allow_rebase_merge": "false",
                            "allow_squash_merge": "false",
                            "archived": "false",
                            "auto_init": "true",
                            "default_branch": "master",
                            "description": "Verify Hub acceptance tests (temporary)",
                            "etag": "W/\"7644a06592ca34616a87de76d04e42fc\"",
                            "full_name": "alphagov/ida-hub-acceptance-tests",
                            "git_clone_url": "git://github.com/alphagov/ida-hub-acceptance-tests.git",
                            "has_downloads": "false",
                            "has_issues": "true",
                            "has_wiki": "true",
                            "homepage_url": "",
                            "html_url": "https://github.com/alphagov/ida-hub-acceptance-tests",
                            "http_clone_url": "https://github.com/alphagov/ida-hub-acceptance-tests.git",
                            "id": "ida-hub-acceptance-tests",
                            "name": "ida-hub-acceptance-tests",
                            "private": "true",
                            "ssh_clone_url": "git@github.com:alphagov/ida-hub-acceptance-tests.git",
                            "svn_url": "https://github.com/alphagov/ida-hub-acceptance-tests",
                            "topics.#": "1",
                            "topics.2357015465": "verify"
                        },
                        "meta": {},
                        "tainted": false
                    },
                    "deposed": [],
                    "provider": "provider.github"
                },
                "github_team_repository.repo_team_push": {
                    "type": "github_team_repository",
                    "depends_on": [
                        "data.github_team.teams.*",
                        "github_repository.repo"
                    ],
                    "primary": {
                        "id": "2826122:ida-hub-acceptance-tests",
                        "attributes": {
                            "etag": "W/\"1f21ae0ebbd1db54aedea8df3a39c9da\"",
                            "id": "2826122:ida-hub-acceptance-tests",
                            "permission": "push",
                            "repository": "ida-hub-acceptance-tests",
                            "team_id": "2826122"
                        },
                        "meta": {},
                        "tainted": false
                    },
                    "deposed": [],
                    "provider": "provider.github"
                }
            },
            "depends_on": []
        },
        {
            "path": [
                "root",
                "repo_ida_hub_support"
            ],
            "outputs": {},
            "resources": {
                "data.github_team.push_teams": {
                    "type": "github_team",
                    "depends_on": [],
                    "primary": {
                        "id": "2826122",
                        "attributes": {
                            "description": "Verify tech team: verify-tech-team-core",
                            "id": "2826122",
                            "members.#": "30",
                            "members.0": "idrop",
                            "members.1": "46bit",
                            "members.10": "zilnhoj",
                            "members.11": "vixus0",
                            "members.12": "robinmitra",
                            "members.13": "brenetic",
                            "members.14": "nacnudus",
                            "members.15": "CharlesIC",
                            "members.16": "jkunle",
                            "members.17": "sakisv",
                            "members.18": "mikieet",
                            "members.19": "Rosa-Fox",
                            "members.2": "galund",
                            "members.20": "AnneCarr",
                            "members.21": "ida-build-bot",
                            "members.22": "chrisclayson",
                            "members.23": "blairboy362",
                            "members.24": "Wynndow",
                            "members.25": "andy-paine",
                            "members.26": "tomrosier",
                            "members.27": "bjgill",
                            "members.28": "RacingHippo",
                            "members.29": "bravegrape",
                            "members.3": "issyl0",
                            "members.4": "phantas",
                            "members.5": "philandstuff",
                            "members.6": "chrisholmes",
                            "members.7": "thomasalanlee",
                            "members.8": "tlwr",
                            "members.9": "kerrr",
                            "name": "verify-tech-team-core",
                            "permission": "pull",
                            "privacy": "closed",
                            "slug": "verify-tech-team-core"
                        },
                        "meta": {},
                        "tainted": false
                    },
                    "deposed": [],
                    "provider": "provider.github"
                },
                "github_branch_protection.repo_protect_master": {
                    "type": "github_branch_protection",
                    "depends_on": [],
                    "primary": {
                        "id": "ida-hub-support:master",
                        "attributes": {
                            "branch": "master",
                            "enforce_admins": "false",
                            "etag": "W/\"6b3f689d43eac65b60dcaeea9962c325\"",
                            "id": "ida-hub-support:master",
                            "repository": "ida-hub-support",
                            "required_pull_request_reviews.#": "1",
                            "required_pull_request_reviews.0.dismiss_stale_reviews": "true",
                            "required_pull_request_reviews.0.dismissal_teams.#": "0",
                            "required_pull_request_reviews.0.dismissal_users.#": "0",
                            "required_pull_request_reviews.0.include_admins": "false",
                            "required_pull_request_reviews.0.require_code_owner_reviews": "false",
                            "required_status_checks.#": "0",
                            "restrictions.#": "0"
                        },
                        "meta": {},
                        "tainted": false
                    },
                    "deposed": [],
                    "provider": "provider.github"
                },
                "github_repository.repo": {
                    "type": "github_repository",
                    "depends_on": [],
                    "primary": {
                        "id": "ida-hub-support",
                        "attributes": {
                            "allow_merge_commit": "true",
                            "allow_rebase_merge": "false",
                            "allow_squash_merge": "false",
                            "archived": "false",
                            "auto_init": "true",
                            "default_branch": "master",
                            "description": "Verify Hub Support services (temporary)",
                            "etag": "W/\"8b193d4566d1f3ff43c440340bd131a7\"",
                            "full_name": "alphagov/ida-hub-support",
                            "git_clone_url": "git://github.com/alphagov/ida-hub-support.git",
                            "has_downloads": "false",
                            "has_issues": "true",
                            "has_wiki": "true",
                            "homepage_url": "",
                            "html_url": "https://github.com/alphagov/ida-hub-support",
                            "http_clone_url": "https://github.com/alphagov/ida-hub-support.git",
                            "id": "ida-hub-support",
                            "name": "ida-hub-support",
                            "private": "true",
                            "ssh_clone_url": "git@github.com:alphagov/ida-hub-support.git",
                            "svn_url": "https://github.com/alphagov/ida-hub-support",
                            "topics.#": "1",
                            "topics.2357015465": "verify"
                        },
                        "meta": {},
                        "tainted": false
                    },
                    "deposed": [],
                    "provider": "provider.github"
                },
                "github_team_repository.repo_team_push": {
                    "type": "github_team_repository",
                    "depends_on": [
                        "data.github_team.teams.*",
                        "github_repository.repo"
                    ],
                    "primary": {
                        "id": "2826122:ida-hub-support",
                        "attributes": {
                            "etag": "W/\"7ec51bfeb652be6e94025882068f2584\"",
                            "id": "2826122:ida-hub-support",
                            "permission": "push",
                            "repository": "ida-hub-support",
                            "team_id": "2826122"
                        },
                        "meta": {},
                        "tainted": false
                    },
                    "deposed": [],
                    "provider": "provider.github"
                }
            },
            "depends_on": []
        },
        {
            "path": [
                "root",
                "repo_metadata_checker"
            ],
            "outputs": {},
            "resources": {
                "data.github_team.push_teams.0": {
                    "type": "github_team",
                    "depends_on": [],
                    "primary": {
                        "id": "2826122",
                        "attributes": {
                            "description": "Verify tech team: verify-tech-team-core",
                            "id": "2826122",
                            "members.#": "30",
                            "members.0": "idrop",
                            "members.1": "46bit",
                            "members.10": "zilnhoj",
                            "members.11": "vixus0",
                            "members.12": "robinmitra",
                            "members.13": "brenetic",
                            "members.14": "nacnudus",
                            "members.15": "CharlesIC",
                            "members.16": "jkunle",
                            "members.17": "sakisv",
                            "members.18": "mikieet",
                            "members.19": "Rosa-Fox",
                            "members.2": "galund",
                            "members.20": "AnneCarr",
                            "members.21": "ida-build-bot",
                            "members.22": "chrisclayson",
                            "members.23": "blairboy362",
                            "members.24": "Wynndow",
                            "members.25": "andy-paine",
                            "members.26": "tomrosier",
                            "members.27": "bjgill",
                            "members.28": "RacingHippo",
                            "members.29": "bravegrape",
                            "members.3": "issyl0",
                            "members.4": "phantas",
                            "members.5": "philandstuff",
                            "members.6": "chrisholmes",
                            "members.7": "thomasalanlee",
                            "members.8": "tlwr",
                            "members.9": "kerrr",
                            "name": "verify-tech-team-core",
                            "permission": "pull",
                            "privacy": "closed",
                            "slug": "verify-tech-team-core"
                        },
                        "meta": {},
                        "tainted": false
                    },
                    "deposed": [],
                    "provider": "provider.github"
                },
                "data.github_team.push_teams.1": {
                    "type": "github_team",
                    "depends_on": [],
                    "primary": {
                        "id": "2826127",
                        "attributes": {
                            "description": "Verify tech team: verify-tech-team-infrastructure",
                            "id": "2826127",
                            "members.#": "19",
                            "members.0": "46bit",
                            "members.1": "issyl0",
                            "members.10": "ronocg",
                            "members.11": "smford",
                            "members.12": "blairboy362",
                            "members.13": "andy-paine",
                            "members.14": "jstandring-gds",
                            "members.15": "adityapahuja",
                            "members.16": "rhowe-gds",
                            "members.17": "matthewcullum-gds",
                            "members.18": "szd55gds",
                            "members.2": "philandstuff",
                            "members.3": "chrisholmes",
                            "members.4": "thomasalanlee",
                            "members.5": "mmhmm",
                            "members.6": "tlwr",
                            "members.7": "vixus0",
                            "members.8": "sakisv",
                            "members.9": "stephengrier",
                            "name": "verify-tech-team-infrastructure",
                            "permission": "pull",
                            "privacy": "closed",
                            "slug": "verify-tech-team-infrastructure"
                        },
                        "meta": {},
                        "tainted": false
                    },
                    "deposed": [],
                    "provider": "provider.github"
                },
                "github_branch_protection.repo_protect_master": {
                    "type": "github_branch_protection",
                    "depends_on": [
                        "github_repository.repo"
                    ],
                    "primary": {
                        "id": "metadata-checker:master",
                        "attributes": {
                            "branch": "master",
                            "enforce_admins": "false",
                            "etag": "W/\"aa6cf392b2b0883b32383869f53f0abd\"",
                            "id": "metadata-checker:master",
                            "repository": "metadata-checker",
                            "required_pull_request_reviews.#": "1",
                            "required_pull_request_reviews.0.dismiss_stale_reviews": "true",
                            "required_pull_request_reviews.0.dismissal_teams.#": "0",
                            "required_pull_request_reviews.0.dismissal_users.#": "0",
                            "required_pull_request_reviews.0.include_admins": "false",
                            "required_pull_request_reviews.0.require_code_owner_reviews": "false",
                            "required_status_checks.#": "0",
                            "restrictions.#": "0"
                        },
                        "meta": {},
                        "tainted": false
                    },
                    "deposed": [],
                    "provider": "provider.github"
                },
                "github_repository.repo": {
                    "type": "github_repository",
                    "depends_on": [],
                    "primary": {
                        "id": "metadata-checker",
                        "attributes": {
                            "allow_merge_commit": "true",
                            "allow_rebase_merge": "false",
                            "allow_squash_merge": "false",
                            "archived": "false",
                            "default_branch": "master",
                            "description": "Tools for parsing and monitoring SAML metadata",
                            "etag": "W/\"6d3b4faf1345b5dcf0600615bcde8f56\"",
                            "full_name": "alphagov/metadata-checker",
                            "git_clone_url": "git://github.com/alphagov/metadata-checker.git",
                            "has_downloads": "false",
                            "has_issues": "true",
                            "has_wiki": "true",
                            "homepage_url": "",
                            "html_url": "https://github.com/alphagov/metadata-checker",
                            "http_clone_url": "https://github.com/alphagov/metadata-checker.git",
                            "id": "metadata-checker",
                            "name": "metadata-checker",
                            "private": "false",
                            "ssh_clone_url": "git@github.com:alphagov/metadata-checker.git",
                            "svn_url": "https://github.com/alphagov/metadata-checker",
                            "topics.#": "1",
                            "topics.2357015465": "verify"
                        },
                        "meta": {},
                        "tainted": false
                    },
                    "deposed": [],
                    "provider": "provider.github"
                },
                "github_team_repository.repo_team_push.0": {
                    "type": "github_team_repository",
                    "depends_on": [
                        "data.github_team.push_teams.*",
                        "github_repository.repo"
                    ],
                    "primary": {
                        "id": "2826122:metadata-checker",
                        "attributes": {
                            "etag": "W/\"45463746f120938681446db894adc7d2\"",
                            "id": "2826122:metadata-checker",
                            "permission": "push",
                            "repository": "metadata-checker",
                            "team_id": "2826122"
                        },
                        "meta": {},
                        "tainted": false
                    },
                    "deposed": [],
                    "provider": "provider.github"
                },
                "github_team_repository.repo_team_push.1": {
                    "type": "github_team_repository",
                    "depends_on": [
                        "data.github_team.push_teams.*",
                        "github_repository.repo"
                    ],
                    "primary": {
                        "id": "2826127:metadata-checker",
                        "attributes": {
                            "etag": "W/\"45463746f120938681446db894adc7d2\"",
                            "id": "2826127:metadata-checker",
                            "permission": "push",
                            "repository": "metadata-checker",
                            "team_id": "2826127"
                        },
                        "meta": {},
                        "tainted": false
                    },
                    "deposed": [],
                    "provider": "provider.github"
                }
            },
            "depends_on": []
        },
        {
            "path": [
                "root",
                "repo_passport_verify"
            ],
            "outputs": {},
            "resources": {
                "data.github_team.push_teams": {
                    "type": "github_team",
                    "depends_on": [],
                    "primary": {
                        "id": "2826122",
                        "attributes": {
                            "description": "Verify tech team: verify-tech-team-core",
                            "id": "2826122",
                            "members.#": "30",
                            "members.0": "idrop",
                            "members.1": "46bit",
                            "members.10": "zilnhoj",
                            "members.11": "vixus0",
                            "members.12": "robinmitra",
                            "members.13": "brenetic",
                            "members.14": "nacnudus",
                            "members.15": "CharlesIC",
                            "members.16": "jkunle",
                            "members.17": "sakisv",
                            "members.18": "mikieet",
                            "members.19": "Rosa-Fox",
                            "members.2": "galund",
                            "members.20": "AnneCarr",
                            "members.21": "ida-build-bot",
                            "members.22": "chrisclayson",
                            "members.23": "blairboy362",
                            "members.24": "Wynndow",
                            "members.25": "andy-paine",
                            "members.26": "tomrosier",
                            "members.27": "bjgill",
                            "members.28": "RacingHippo",
                            "members.29": "bravegrape",
                            "members.3": "issyl0",
                            "members.4": "phantas",
                            "members.5": "philandstuff",
                            "members.6": "chrisholmes",
                            "members.7": "thomasalanlee",
                            "members.8": "tlwr",
                            "members.9": "kerrr",
                            "name": "verify-tech-team-core",
                            "permission": "pull",
                            "privacy": "closed",
                            "slug": "verify-tech-team-core"
                        },
                        "meta": {},
                        "tainted": false
                    },
                    "deposed": [],
                    "provider": "provider.github"
                },
                "github_branch_protection.repo_protect_master": {
                    "type": "github_branch_protection",
                    "depends_on": [],
                    "primary": {
                        "id": "passport-verify:master",
                        "attributes": {
                            "branch": "master",
                            "enforce_admins": "false",
                            "etag": "W/\"7130cefc63de6dfbe9def2db981bc0d9\"",
                            "id": "passport-verify:master",
                            "repository": "passport-verify",
                            "required_pull_request_reviews.#": "1",
                            "required_pull_request_reviews.0.dismiss_stale_reviews": "true",
                            "required_pull_request_reviews.0.dismissal_teams.#": "0",
                            "required_pull_request_reviews.0.dismissal_users.#": "0",
                            "required_pull_request_reviews.0.include_admins": "false",
                            "required_pull_request_reviews.0.require_code_owner_reviews": "false",
                            "required_status_checks.#": "0",
                            "restrictions.#": "0"
                        },
                        "meta": {},
                        "tainted": false
                    },
                    "deposed": [],
                    "provider": "provider.github"
                },
                "github_repository.repo": {
                    "type": "github_repository",
                    "depends_on": [],
                    "primary": {
                        "id": "passport-verify",
                        "attributes": {
                            "allow_merge_commit": "true",
                            "allow_rebase_merge": "false",
                            "allow_squash_merge": "false",
                            "archived": "false",
                            "auto_init": "true",
                            "default_branch": "master",
                            "description": ":passport_control: :crown: :ballot_box_with_check: A passport.js strategy for GOV.UK Verify",
                            "etag": "W/\"5ae95c48312fe607cd8fe08a7246be52\"",
                            "full_name": "alphagov/passport-verify",
                            "git_clone_url": "git://github.com/alphagov/passport-verify.git",
                            "has_downloads": "false",
                            "has_issues": "true",
                            "has_wiki": "true",
                            "homepage_url": "",
                            "html_url": "https://github.com/alphagov/passport-verify",
                            "http_clone_url": "https://github.com/alphagov/passport-verify.git",
                            "id": "passport-verify",
                            "name": "passport-verify",
                            "private": "false",
                            "ssh_clone_url": "git@github.com:alphagov/passport-verify.git",
                            "svn_url": "https://github.com/alphagov/passport-verify",
                            "topics.#": "1",
                            "topics.2357015465": "verify"
                        },
                        "meta": {},
                        "tainted": false
                    },
                    "deposed": [],
                    "provider": "provider.github"
                },
                "github_team_repository.repo_team_push": {
                    "type": "github_team_repository",
                    "depends_on": [
                        "data.github_team.push_teams.*",
                        "github_repository.repo"
                    ],
                    "primary": {
                        "id": "2826122:passport-verify",
                        "attributes": {
                            "etag": "W/\"7035feeaf6e42c80178215cf94cbd7b2\"",
                            "id": "2826122:passport-verify",
                            "permission": "push",
                            "repository": "passport-verify",
                            "team_id": "2826122"
                        },
                        "meta": {},
                        "tainted": false
                    },
                    "deposed": [],
                    "provider": "provider.github"
                }
            },
            "depends_on": []
        },
        {
            "path": [
                "root",
                "repo_passport_verify_stub_relying_party"
            ],
            "outputs": {},
            "resources": {
                "data.github_team.push_teams": {
                    "type": "github_team",
                    "depends_on": [],
                    "primary": {
                        "id": "2826122",
                        "attributes": {
                            "description": "Verify tech team: verify-tech-team-core",
                            "id": "2826122",
                            "members.#": "30",
                            "members.0": "idrop",
                            "members.1": "46bit",
                            "members.10": "zilnhoj",
                            "members.11": "vixus0",
                            "members.12": "robinmitra",
                            "members.13": "brenetic",
                            "members.14": "nacnudus",
                            "members.15": "CharlesIC",
                            "members.16": "jkunle",
                            "members.17": "sakisv",
                            "members.18": "mikieet",
                            "members.19": "Rosa-Fox",
                            "members.2": "galund",
                            "members.20": "AnneCarr",
                            "members.21": "ida-build-bot",
                            "members.22": "chrisclayson",
                            "members.23": "blairboy362",
                            "members.24": "Wynndow",
                            "members.25": "andy-paine",
                            "members.26": "tomrosier",
                            "members.27": "bjgill",
                            "members.28": "RacingHippo",
                            "members.29": "bravegrape",
                            "members.3": "issyl0",
                            "members.4": "phantas",
                            "members.5": "philandstuff",
                            "members.6": "chrisholmes",
                            "members.7": "thomasalanlee",
                            "members.8": "tlwr",
                            "members.9": "kerrr",
                            "name": "verify-tech-team-core",
                            "permission": "pull",
                            "privacy": "closed",
                            "slug": "verify-tech-team-core"
                        },
                        "meta": {},
                        "tainted": false
                    },
                    "deposed": [],
                    "provider": "provider.github"
                },
                "github_branch_protection.repo_protect_master": {
                    "type": "github_branch_protection",
                    "depends_on": [],
                    "primary": {
                        "id": "passport-verify-stub-relying-party:master",
                        "attributes": {
                            "branch": "master",
                            "enforce_admins": "false",
                            "etag": "W/\"1429cc444357b386a57babbb88f0ccfe\"",
                            "id": "passport-verify-stub-relying-party:master",
                            "repository": "passport-verify-stub-relying-party",
                            "required_pull_request_reviews.#": "1",
                            "required_pull_request_reviews.0.dismiss_stale_reviews": "true",
                            "required_pull_request_reviews.0.dismissal_teams.#": "0",
                            "required_pull_request_reviews.0.dismissal_users.#": "0",
                            "required_pull_request_reviews.0.include_admins": "false",
                            "required_pull_request_reviews.0.require_code_owner_reviews": "false",
                            "required_status_checks.#": "0",
                            "restrictions.#": "0"
                        },
                        "meta": {},
                        "tainted": false
                    },
                    "deposed": [],
                    "provider": "provider.github"
                },
                "github_repository.repo": {
                    "type": "github_repository",
                    "depends_on": [],
                    "primary": {
                        "id": "passport-verify-stub-relying-party",
                        "attributes": {
                            "allow_merge_commit": "true",
                            "allow_rebase_merge": "false",
                            "allow_squash_merge": "false",
                            "archived": "false",
                            "auto_init": "true",
                            "default_branch": "master",
                            "description": "Stub Relying party that integrates with Verify using the passport-verify library",
                            "etag": "W/\"bf766614ab6ba1fb3ce0633e29a2f1a4\"",
                            "full_name": "alphagov/passport-verify-stub-relying-party",
                            "git_clone_url": "git://github.com/alphagov/passport-verify-stub-relying-party.git",
                            "has_downloads": "false",
                            "has_issues": "true",
                            "has_wiki": "true",
                            "homepage_url": "",
                            "html_url": "https://github.com/alphagov/passport-verify-stub-relying-party",
                            "http_clone_url": "https://github.com/alphagov/passport-verify-stub-relying-party.git",
                            "id": "passport-verify-stub-relying-party",
                            "name": "passport-verify-stub-relying-party",
                            "private": "false",
                            "ssh_clone_url": "git@github.com:alphagov/passport-verify-stub-relying-party.git",
                            "svn_url": "https://github.com/alphagov/passport-verify-stub-relying-party",
                            "topics.#": "1",
                            "topics.2357015465": "verify"
                        },
                        "meta": {},
                        "tainted": false
                    },
                    "deposed": [],
                    "provider": "provider.github"
                },
                "github_team_repository.repo_team_push": {
                    "type": "github_team_repository",
                    "depends_on": [
                        "data.github_team.push_teams.*",
                        "github_repository.repo"
                    ],
                    "primary": {
                        "id": "2826122:passport-verify-stub-relying-party",
                        "attributes": {
                            "etag": "W/\"bdca62c15081f404c69808ca67c9f50a\"",
                            "id": "2826122:passport-verify-stub-relying-party",
                            "permission": "push",
                            "repository": "passport-verify-stub-relying-party",
                            "team_id": "2826122"
                        },
                        "meta": {},
                        "tainted": false
                    },
                    "deposed": [],
                    "provider": "provider.github"
                }
            },
            "depends_on": []
        },
        {
            "path": [
                "root",
                "repo_verify_acceptance_tests"
            ],
            "outputs": {},
            "resources": {
                "data.github_team.push_teams": {
                    "type": "github_team",
                    "depends_on": [],
                    "primary": {
                        "id": "2826122",
                        "attributes": {
                            "description": "Verify tech team: verify-tech-team-core",
                            "id": "2826122",
                            "members.#": "30",
                            "members.0": "idrop",
                            "members.1": "46bit",
                            "members.10": "zilnhoj",
                            "members.11": "vixus0",
                            "members.12": "robinmitra",
                            "members.13": "brenetic",
                            "members.14": "nacnudus",
                            "members.15": "CharlesIC",
                            "members.16": "jkunle",
                            "members.17": "sakisv",
                            "members.18": "mikieet",
                            "members.19": "Rosa-Fox",
                            "members.2": "galund",
                            "members.20": "AnneCarr",
                            "members.21": "ida-build-bot",
                            "members.22": "chrisclayson",
                            "members.23": "blairboy362",
                            "members.24": "Wynndow",
                            "members.25": "andy-paine",
                            "members.26": "tomrosier",
                            "members.27": "bjgill",
                            "members.28": "RacingHippo",
                            "members.29": "bravegrape",
                            "members.3": "issyl0",
                            "members.4": "phantas",
                            "members.5": "philandstuff",
                            "members.6": "chrisholmes",
                            "members.7": "thomasalanlee",
                            "members.8": "tlwr",
                            "members.9": "kerrr",
                            "name": "verify-tech-team-core",
                            "permission": "pull",
                            "privacy": "closed",
                            "slug": "verify-tech-team-core"
                        },
                        "meta": {},
                        "tainted": false
                    },
                    "deposed": [],
                    "provider": "provider.github"
                },
                "github_branch_protection.repo_protect_master": {
                    "type": "github_branch_protection",
                    "depends_on": [
                        "github_repository.repo"
                    ],
                    "primary": {
                        "id": "verify-acceptance-tests:master",
                        "attributes": {
                            "branch": "master",
                            "enforce_admins": "false",
                            "etag": "W/\"81f37fbb38ba083bd7bf40f361869070\"",
                            "id": "verify-acceptance-tests:master",
                            "repository": "verify-acceptance-tests",
                            "required_pull_request_reviews.#": "1",
                            "required_pull_request_reviews.0.dismiss_stale_reviews": "true",
                            "required_pull_request_reviews.0.dismissal_teams.#": "0",
                            "required_pull_request_reviews.0.dismissal_users.#": "0",
                            "required_pull_request_reviews.0.include_admins": "false",
                            "required_pull_request_reviews.0.require_code_owner_reviews": "false",
                            "required_status_checks.#": "0",
                            "restrictions.#": "0"
                        },
                        "meta": {},
                        "tainted": false
                    },
                    "deposed": [],
                    "provider": "provider.github"
                },
                "github_repository.repo": {
                    "type": "github_repository",
                    "depends_on": [],
                    "primary": {
                        "id": "verify-acceptance-tests",
                        "attributes": {
                            "allow_merge_commit": "true",
                            "allow_rebase_merge": "false",
                            "allow_squash_merge": "false",
                            "archived": "false",
                            "auto_init": "true",
                            "default_branch": "master",
                            "description": "End-to-end tests for the Verify Hub",
                            "etag": "W/\"9b3776ea7b3ac06de0abf877522f8c85\"",
                            "full_name": "alphagov/verify-acceptance-tests",
                            "git_clone_url": "git://github.com/alphagov/verify-acceptance-tests.git",
                            "has_downloads": "false",
                            "has_issues": "true",
                            "has_wiki": "true",
                            "homepage_url": "",
                            "html_url": "https://github.com/alphagov/verify-acceptance-tests",
                            "http_clone_url": "https://github.com/alphagov/verify-acceptance-tests.git",
                            "id": "verify-acceptance-tests",
                            "name": "verify-acceptance-tests",
                            "private": "false",
                            "ssh_clone_url": "git@github.com:alphagov/verify-acceptance-tests.git",
                            "svn_url": "https://github.com/alphagov/verify-acceptance-tests",
                            "topics.#": "1",
                            "topics.2357015465": "verify"
                        },
                        "meta": {},
                        "tainted": false
                    },
                    "deposed": [],
                    "provider": "provider.github"
                },
                "github_team_repository.repo_team_push": {
                    "type": "github_team_repository",
                    "depends_on": [
                        "data.github_team.teams.*",
                        "github_repository.repo"
                    ],
                    "primary": {
                        "id": "2826122:verify-acceptance-tests",
                        "attributes": {
                            "etag": "W/\"ecfdc4825b96cf5d2606323b965825ec\"",
                            "id": "2826122:verify-acceptance-tests",
                            "permission": "push",
                            "repository": "verify-acceptance-tests",
                            "team_id": "2826122"
                        },
                        "meta": {},
                        "tainted": false
                    },
                    "deposed": [],
                    "provider": "provider.github"
                }
            },
            "depends_on": []
        },
        {
            "path": [
                "root",
                "repo_verify_ansible"
            ],
            "outputs": {},
            "resources": {
                "data.github_team.push_teams.0": {
                    "type": "github_team",
                    "depends_on": [],
                    "primary": {
                        "id": "2826122",
                        "attributes": {
                            "description": "Verify tech team: verify-tech-team-core",
                            "id": "2826122",
                            "members.#": "30",
                            "members.0": "idrop",
                            "members.1": "46bit",
                            "members.10": "zilnhoj",
                            "members.11": "vixus0",
                            "members.12": "robinmitra",
                            "members.13": "brenetic",
                            "members.14": "nacnudus",
                            "members.15": "CharlesIC",
                            "members.16": "jkunle",
                            "members.17": "sakisv",
                            "members.18": "mikieet",
                            "members.19": "Rosa-Fox",
                            "members.2": "galund",
                            "members.20": "AnneCarr",
                            "members.21": "ida-build-bot",
                            "members.22": "chrisclayson",
                            "members.23": "blairboy362",
                            "members.24": "Wynndow",
                            "members.25": "andy-paine",
                            "members.26": "tomrosier",
                            "members.27": "bjgill",
                            "members.28": "RacingHippo",
                            "members.29": "bravegrape",
                            "members.3": "issyl0",
                            "members.4": "phantas",
                            "members.5": "philandstuff",
                            "members.6": "chrisholmes",
                            "members.7": "thomasalanlee",
                            "members.8": "tlwr",
                            "members.9": "kerrr",
                            "name": "verify-tech-team-core",
                            "permission": "pull",
                            "privacy": "closed",
                            "slug": "verify-tech-team-core"
                        },
                        "meta": {},
                        "tainted": false
                    },
                    "deposed": [],
                    "provider": "provider.github"
                },
                "data.github_team.push_teams.1": {
                    "type": "github_team",
                    "depends_on": [],
                    "primary": {
                        "id": "2826127",
                        "attributes": {
                            "description": "Verify tech team: verify-tech-team-infrastructure",
                            "id": "2826127",
                            "members.#": "19",
                            "members.0": "46bit",
                            "members.1": "issyl0",
                            "members.10": "ronocg",
                            "members.11": "smford",
                            "members.12": "blairboy362",
                            "members.13": "andy-paine",
                            "members.14": "jstandring-gds",
                            "members.15": "adityapahuja",
                            "members.16": "rhowe-gds",
                            "members.17": "matthewcullum-gds",
                            "members.18": "szd55gds",
                            "members.2": "philandstuff",
                            "members.3": "chrisholmes",
                            "members.4": "thomasalanlee",
                            "members.5": "mmhmm",
                            "members.6": "tlwr",
                            "members.7": "vixus0",
                            "members.8": "sakisv",
                            "members.9": "stephengrier",
                            "name": "verify-tech-team-infrastructure",
                            "permission": "pull",
                            "privacy": "closed",
                            "slug": "verify-tech-team-infrastructure"
                        },
                        "meta": {},
                        "tainted": false
                    },
                    "deposed": [],
                    "provider": "provider.github"
                },
                "github_branch_protection.repo_protect_master": {
                    "type": "github_branch_protection",
                    "depends_on": [],
                    "primary": {
                        "id": "verify-ansible:master",
                        "attributes": {
                            "branch": "master",
                            "enforce_admins": "false",
                            "etag": "W/\"93d359bf8d76a9d9c97e19d56bd7a64e\"",
                            "id": "verify-ansible:master",
                            "repository": "verify-ansible",
                            "required_pull_request_reviews.#": "1",
                            "required_pull_request_reviews.0.dismiss_stale_reviews": "true",
                            "required_pull_request_reviews.0.dismissal_teams.#": "0",
                            "required_pull_request_reviews.0.dismissal_users.#": "0",
                            "required_pull_request_reviews.0.include_admins": "false",
                            "required_pull_request_reviews.0.require_code_owner_reviews": "false",
                            "required_status_checks.#": "0",
                            "restrictions.#": "0"
                        },
                        "meta": {},
                        "tainted": false
                    },
                    "deposed": [],
                    "provider": "provider.github"
                },
                "github_repository.repo": {
                    "type": "github_repository",
                    "depends_on": [],
                    "primary": {
                        "id": "verify-ansible",
                        "attributes": {
                            "allow_merge_commit": "true",
                            "allow_rebase_merge": "false",
                            "allow_squash_merge": "false",
                            "archived": "false",
                            "auto_init": "true",
                            "default_branch": "master",
                            "description": " Ansible for Verify ops ",
                            "etag": "W/\"f0f34990f8e3caad2e4aff74c120e8d6\"",
                            "full_name": "alphagov/verify-ansible",
                            "git_clone_url": "git://github.com/alphagov/verify-ansible.git",
                            "has_downloads": "false",
                            "has_issues": "true",
                            "has_wiki": "true",
                            "homepage_url": "",
                            "html_url": "https://github.com/alphagov/verify-ansible",
                            "http_clone_url": "https://github.com/alphagov/verify-ansible.git",
                            "id": "verify-ansible",
                            "name": "verify-ansible",
                            "private": "true",
                            "ssh_clone_url": "git@github.com:alphagov/verify-ansible.git",
                            "svn_url": "https://github.com/alphagov/verify-ansible",
                            "topics.#": "1",
                            "topics.2357015465": "verify"
                        },
                        "meta": {},
                        "tainted": false
                    },
                    "deposed": [],
                    "provider": "provider.github"
                },
                "github_team_repository.repo_team_push.0": {
                    "type": "github_team_repository",
                    "depends_on": [
                        "data.github_team.push_teams.*",
                        "github_repository.repo"
                    ],
                    "primary": {
                        "id": "2826122:verify-ansible",
                        "attributes": {
                            "etag": "W/\"653cd4654e46d6a6e2ef034525bc49c0\"",
                            "id": "2826122:verify-ansible",
                            "permission": "push",
                            "repository": "verify-ansible",
                            "team_id": "2826122"
                        },
                        "meta": {},
                        "tainted": false
                    },
                    "deposed": [],
                    "provider": "provider.github"
                },
                "github_team_repository.repo_team_push.1": {
                    "type": "github_team_repository",
                    "depends_on": [
                        "data.github_team.push_teams.*",
                        "github_repository.repo"
                    ],
                    "primary": {
                        "id": "2826127:verify-ansible",
                        "attributes": {
                            "etag": "W/\"653cd4654e46d6a6e2ef034525bc49c0\"",
                            "id": "2826127:verify-ansible",
                            "permission": "push",
                            "repository": "verify-ansible",
                            "team_id": "2826127"
                        },
                        "meta": {},
                        "tainted": false
                    },
                    "deposed": [],
                    "provider": "provider.github"
                }
            },
            "depends_on": []
        },
        {
            "path": [
                "root",
                "repo_verify_architecture"
            ],
            "outputs": {},
            "resources": {
                "data.github_team.push_teams": {
                    "type": "github_team",
                    "depends_on": [],
                    "primary": {
                        "id": "2826122",
                        "attributes": {
                            "description": "Verify tech team: verify-tech-team-core",
                            "id": "2826122",
                            "members.#": "30",
                            "members.0": "idrop",
                            "members.1": "46bit",
                            "members.10": "zilnhoj",
                            "members.11": "vixus0",
                            "members.12": "robinmitra",
                            "members.13": "brenetic",
                            "members.14": "nacnudus",
                            "members.15": "CharlesIC",
                            "members.16": "jkunle",
                            "members.17": "sakisv",
                            "members.18": "mikieet",
                            "members.19": "Rosa-Fox",
                            "members.2": "galund",
                            "members.20": "AnneCarr",
                            "members.21": "ida-build-bot",
                            "members.22": "chrisclayson",
                            "members.23": "blairboy362",
                            "members.24": "Wynndow",
                            "members.25": "andy-paine",
                            "members.26": "tomrosier",
                            "members.27": "bjgill",
                            "members.28": "RacingHippo",
                            "members.29": "bravegrape",
                            "members.3": "issyl0",
                            "members.4": "phantas",
                            "members.5": "philandstuff",
                            "members.6": "chrisholmes",
                            "members.7": "thomasalanlee",
                            "members.8": "tlwr",
                            "members.9": "kerrr",
                            "name": "verify-tech-team-core",
                            "permission": "pull",
                            "privacy": "closed",
                            "slug": "verify-tech-team-core"
                        },
                        "meta": {},
                        "tainted": false
                    },
                    "deposed": [],
                    "provider": "provider.github"
                },
                "github_branch_protection.repo_protect_master": {
                    "type": "github_branch_protection",
                    "depends_on": [
                        "github_repository.repo"
                    ],
                    "primary": {
                        "id": "verify-architecture:master",
                        "attributes": {
                            "branch": "master",
                            "enforce_admins": "false",
                            "etag": "W/\"d613617def6862a8e145a8bc33902889\"",
                            "id": "verify-architecture:master",
                            "repository": "verify-architecture",
                            "required_pull_request_reviews.#": "1",
                            "required_pull_request_reviews.0.dismiss_stale_reviews": "true",
                            "required_pull_request_reviews.0.dismissal_teams.#": "0",
                            "required_pull_request_reviews.0.dismissal_users.#": "0",
                            "required_pull_request_reviews.0.include_admins": "false",
                            "required_pull_request_reviews.0.require_code_owner_reviews": "false",
                            "required_status_checks.#": "0",
                            "restrictions.#": "0"
                        },
                        "meta": {},
                        "tainted": false
                    },
                    "deposed": [],
                    "provider": "provider.github"
                },
                "github_repository.repo": {
                    "type": "github_repository",
                    "depends_on": [],
                    "primary": {
                        "id": "verify-architecture",
                        "attributes": {
                            "allow_merge_commit": "true",
                            "allow_rebase_merge": "false",
                            "allow_squash_merge": "false",
                            "archived": "false",
                            "auto_init": "true",
                            "default_branch": "master",
                            "description": "Contains architectural documentation",
                            "etag": "W/\"d688a248758386ff07cc664601598456\"",
                            "full_name": "alphagov/verify-architecture",
                            "git_clone_url": "git://github.com/alphagov/verify-architecture.git",
                            "has_downloads": "false",
                            "has_issues": "true",
                            "has_wiki": "true",
                            "homepage_url": "",
                            "html_url": "https://github.com/alphagov/verify-architecture",
                            "http_clone_url": "https://github.com/alphagov/verify-architecture.git",
                            "id": "verify-architecture",
                            "name": "verify-architecture",
                            "private": "true",
                            "ssh_clone_url": "git@github.com:alphagov/verify-architecture.git",
                            "svn_url": "https://github.com/alphagov/verify-architecture",
                            "topics.#": "1",
                            "topics.2357015465": "verify"
                        },
                        "meta": {},
                        "tainted": false
                    },
                    "deposed": [],
                    "provider": "provider.github"
                },
                "github_team_repository.repo_team_push": {
                    "type": "github_team_repository",
                    "depends_on": [
                        "data.github_team.push_teams.*",
                        "github_repository.repo"
                    ],
                    "primary": {
                        "id": "2826122:verify-architecture",
                        "attributes": {
                            "etag": "W/\"5c4490b6020526e25afe21d7e87c1d88\"",
                            "id": "2826122:verify-architecture",
                            "permission": "push",
                            "repository": "verify-architecture",
                            "team_id": "2826122"
                        },
                        "meta": {},
                        "tainted": false
                    },
                    "deposed": [],
                    "provider": "provider.github"
                }
            },
            "depends_on": []
        },
        {
            "path": [
                "root",
                "repo_verify_blackbox_passwords"
            ],
            "outputs": {},
            "resources": {
                "data.github_team.push_teams.0": {
                    "type": "github_team",
                    "depends_on": [],
                    "primary": {
                        "id": "2826122",
                        "attributes": {
                            "description": "Verify tech team: verify-tech-team-core",
                            "id": "2826122",
                            "members.#": "30",
                            "members.0": "idrop",
                            "members.1": "46bit",
                            "members.10": "zilnhoj",
                            "members.11": "vixus0",
                            "members.12": "robinmitra",
                            "members.13": "brenetic",
                            "members.14": "nacnudus",
                            "members.15": "CharlesIC",
                            "members.16": "jkunle",
                            "members.17": "sakisv",
                            "members.18": "mikieet",
                            "members.19": "Rosa-Fox",
                            "members.2": "galund",
                            "members.20": "AnneCarr",
                            "members.21": "ida-build-bot",
                            "members.22": "chrisclayson",
                            "members.23": "blairboy362",
                            "members.24": "Wynndow",
                            "members.25": "andy-paine",
                            "members.26": "tomrosier",
                            "members.27": "bjgill",
                            "members.28": "RacingHippo",
                            "members.29": "bravegrape",
                            "members.3": "issyl0",
                            "members.4": "phantas",
                            "members.5": "philandstuff",
                            "members.6": "chrisholmes",
                            "members.7": "thomasalanlee",
                            "members.8": "tlwr",
                            "members.9": "kerrr",
                            "name": "verify-tech-team-core",
                            "permission": "pull",
                            "privacy": "closed",
                            "slug": "verify-tech-team-core"
                        },
                        "meta": {},
                        "tainted": false
                    },
                    "deposed": [],
                    "provider": "provider.github"
                },
                "data.github_team.push_teams.1": {
                    "type": "github_team",
                    "depends_on": [],
                    "primary": {
                        "id": "2826127",
                        "attributes": {
                            "description": "Verify tech team: verify-tech-team-infrastructure",
                            "id": "2826127",
                            "members.#": "19",
                            "members.0": "46bit",
                            "members.1": "issyl0",
                            "members.10": "ronocg",
                            "members.11": "smford",
                            "members.12": "blairboy362",
                            "members.13": "andy-paine",
                            "members.14": "jstandring-gds",
                            "members.15": "adityapahuja",
                            "members.16": "rhowe-gds",
                            "members.17": "matthewcullum-gds",
                            "members.18": "szd55gds",
                            "members.2": "philandstuff",
                            "members.3": "chrisholmes",
                            "members.4": "thomasalanlee",
                            "members.5": "mmhmm",
                            "members.6": "tlwr",
                            "members.7": "vixus0",
                            "members.8": "sakisv",
                            "members.9": "stephengrier",
                            "name": "verify-tech-team-infrastructure",
                            "permission": "pull",
                            "privacy": "closed",
                            "slug": "verify-tech-team-infrastructure"
                        },
                        "meta": {},
                        "tainted": false
                    },
                    "deposed": [],
                    "provider": "provider.github"
                },
                "github_branch_protection.repo_protect_master": {
                    "type": "github_branch_protection",
                    "depends_on": [
                        "github_repository.repo"
                    ],
                    "primary": {
                        "id": "verify-blackbox-passwords:master",
                        "attributes": {
                            "branch": "master",
                            "enforce_admins": "false",
                            "etag": "W/\"629ea61f230714868b19043d2cff4f21\"",
                            "id": "verify-blackbox-passwords:master",
                            "repository": "verify-blackbox-passwords",
                            "required_pull_request_reviews.#": "1",
                            "required_pull_request_reviews.0.dismiss_stale_reviews": "true",
                            "required_pull_request_reviews.0.dismissal_teams.#": "0",
                            "required_pull_request_reviews.0.dismissal_users.#": "0",
                            "required_pull_request_reviews.0.include_admins": "false",
                            "required_pull_request_reviews.0.require_code_owner_reviews": "false",
                            "required_status_checks.#": "0",
                            "restrictions.#": "0"
                        },
                        "meta": {},
                        "tainted": false
                    },
                    "deposed": [],
                    "provider": "provider.github"
                },
                "github_repository.repo": {
                    "type": "github_repository",
                    "depends_on": [],
                    "primary": {
                        "id": "verify-blackbox-passwords",
                        "attributes": {
                            "allow_merge_commit": "true",
                            "allow_rebase_merge": "false",
                            "allow_squash_merge": "false",
                            "archived": "false",
                            "default_branch": "master",
                            "description": "Securely stored credentials for Verify",
                            "etag": "W/\"f9d7012622be5114efd96a3ee823585b\"",
                            "full_name": "alphagov/verify-blackbox-passwords",
                            "git_clone_url": "git://github.com/alphagov/verify-blackbox-passwords.git",
                            "has_downloads": "false",
                            "has_issues": "true",
                            "has_wiki": "true",
                            "homepage_url": "",
                            "html_url": "https://github.com/alphagov/verify-blackbox-passwords",
                            "http_clone_url": "https://github.com/alphagov/verify-blackbox-passwords.git",
                            "id": "verify-blackbox-passwords",
                            "name": "verify-blackbox-passwords",
                            "private": "true",
                            "ssh_clone_url": "git@github.com:alphagov/verify-blackbox-passwords.git",
                            "svn_url": "https://github.com/alphagov/verify-blackbox-passwords",
                            "topics.#": "1",
                            "topics.2357015465": "verify"
                        },
                        "meta": {},
                        "tainted": false
                    },
                    "deposed": [],
                    "provider": "provider.github"
                },
                "github_team_repository.repo_team_push.0": {
                    "type": "github_team_repository",
                    "depends_on": [
                        "data.github_team.push_teams.*",
                        "github_repository.repo"
                    ],
                    "primary": {
                        "id": "2826122:verify-blackbox-passwords",
                        "attributes": {
                            "etag": "W/\"ee506dba722a227f9b08e951521b7ee0\"",
                            "id": "2826122:verify-blackbox-passwords",
                            "permission": "push",
                            "repository": "verify-blackbox-passwords",
                            "team_id": "2826122"
                        },
                        "meta": {},
                        "tainted": false
                    },
                    "deposed": [],
                    "provider": "provider.github"
                },
                "github_team_repository.repo_team_push.1": {
                    "type": "github_team_repository",
                    "depends_on": [
                        "data.github_team.push_teams.*",
                        "github_repository.repo"
                    ],
                    "primary": {
                        "id": "2826127:verify-blackbox-passwords",
                        "attributes": {
                            "etag": "W/\"ee506dba722a227f9b08e951521b7ee0\"",
                            "id": "2826127:verify-blackbox-passwords",
                            "permission": "push",
                            "repository": "verify-blackbox-passwords",
                            "team_id": "2826127"
                        },
                        "meta": {},
                        "tainted": false
                    },
                    "deposed": [],
                    "provider": "provider.github"
                }
            },
            "depends_on": []
        },
        {
            "path": [
                "root",
                "repo_verify_boxes"
            ],
            "outputs": {},
            "resources": {
                "data.github_team.push_teams.0": {
                    "type": "github_team",
                    "depends_on": [],
                    "primary": {
                        "id": "2826122",
                        "attributes": {
                            "description": "Verify tech team: verify-tech-team-core",
                            "id": "2826122",
                            "members.#": "30",
                            "members.0": "idrop",
                            "members.1": "46bit",
                            "members.10": "zilnhoj",
                            "members.11": "vixus0",
                            "members.12": "robinmitra",
                            "members.13": "brenetic",
                            "members.14": "nacnudus",
                            "members.15": "CharlesIC",
                            "members.16": "jkunle",
                            "members.17": "sakisv",
                            "members.18": "mikieet",
                            "members.19": "Rosa-Fox",
                            "members.2": "galund",
                            "members.20": "AnneCarr",
                            "members.21": "ida-build-bot",
                            "members.22": "chrisclayson",
                            "members.23": "blairboy362",
                            "members.24": "Wynndow",
                            "members.25": "andy-paine",
                            "members.26": "tomrosier",
                            "members.27": "bjgill",
                            "members.28": "RacingHippo",
                            "members.29": "bravegrape",
                            "members.3": "issyl0",
                            "members.4": "phantas",
                            "members.5": "philandstuff",
                            "members.6": "chrisholmes",
                            "members.7": "thomasalanlee",
                            "members.8": "tlwr",
                            "members.9": "kerrr",
                            "name": "verify-tech-team-core",
                            "permission": "pull",
                            "privacy": "closed",
                            "slug": "verify-tech-team-core"
                        },
                        "meta": {},
                        "tainted": false
                    },
                    "deposed": [],
                    "provider": "provider.github"
                },
                "data.github_team.push_teams.1": {
                    "type": "github_team",
                    "depends_on": [],
                    "primary": {
                        "id": "2826127",
                        "attributes": {
                            "description": "Verify tech team: verify-tech-team-infrastructure",
                            "id": "2826127",
                            "members.#": "19",
                            "members.0": "46bit",
                            "members.1": "issyl0",
                            "members.10": "ronocg",
                            "members.11": "smford",
                            "members.12": "blairboy362",
                            "members.13": "andy-paine",
                            "members.14": "jstandring-gds",
                            "members.15": "adityapahuja",
                            "members.16": "rhowe-gds",
                            "members.17": "matthewcullum-gds",
                            "members.18": "szd55gds",
                            "members.2": "philandstuff",
                            "members.3": "chrisholmes",
                            "members.4": "thomasalanlee",
                            "members.5": "mmhmm",
                            "members.6": "tlwr",
                            "members.7": "vixus0",
                            "members.8": "sakisv",
                            "members.9": "stephengrier",
                            "name": "verify-tech-team-infrastructure",
                            "permission": "pull",
                            "privacy": "closed",
                            "slug": "verify-tech-team-infrastructure"
                        },
                        "meta": {},
                        "tainted": false
                    },
                    "deposed": [],
                    "provider": "provider.github"
                },
                "github_branch_protection.repo_protect_master": {
                    "type": "github_branch_protection",
                    "depends_on": [],
                    "primary": {
                        "id": "verify-boxes:master",
                        "attributes": {
                            "branch": "master",
                            "enforce_admins": "false",
                            "etag": "W/\"280bf3506d4e476eddc44d27d49c5126\"",
                            "id": "verify-boxes:master",
                            "repository": "verify-boxes",
                            "required_pull_request_reviews.#": "1",
                            "required_pull_request_reviews.0.dismiss_stale_reviews": "true",
                            "required_pull_request_reviews.0.dismissal_teams.#": "0",
                            "required_pull_request_reviews.0.dismissal_users.#": "0",
                            "required_pull_request_reviews.0.include_admins": "false",
                            "required_pull_request_reviews.0.require_code_owner_reviews": "false",
                            "required_status_checks.#": "0",
                            "restrictions.#": "0"
                        },
                        "meta": {},
                        "tainted": false
                    },
                    "deposed": [],
                    "provider": "provider.github"
                },
                "github_repository.repo": {
                    "type": "github_repository",
                    "depends_on": [],
                    "primary": {
                        "id": "verify-boxes",
                        "attributes": {
                            "allow_merge_commit": "true",
                            "allow_rebase_merge": "false",
                            "allow_squash_merge": "false",
                            "archived": "false",
                            "auto_init": "true",
                            "default_branch": "master",
                            "description": "Verify specific configuration for vcloud-launch ",
                            "etag": "W/\"3f0fb0499e88a3436fdeaef407ba6116\"",
                            "full_name": "alphagov/verify-boxes",
                            "git_clone_url": "git://github.com/alphagov/verify-boxes.git",
                            "has_downloads": "false",
                            "has_issues": "true",
                            "has_wiki": "true",
                            "homepage_url": "",
                            "html_url": "https://github.com/alphagov/verify-boxes",
                            "http_clone_url": "https://github.com/alphagov/verify-boxes.git",
                            "id": "verify-boxes",
                            "name": "verify-boxes",
                            "private": "true",
                            "ssh_clone_url": "git@github.com:alphagov/verify-boxes.git",
                            "svn_url": "https://github.com/alphagov/verify-boxes",
                            "topics.#": "1",
                            "topics.2357015465": "verify"
                        },
                        "meta": {},
                        "tainted": false
                    },
                    "deposed": [],
                    "provider": "provider.github"
                },
                "github_team_repository.repo_team_push.0": {
                    "type": "github_team_repository",
                    "depends_on": [
                        "data.github_team.push_teams.*",
                        "github_repository.repo"
                    ],
                    "primary": {
                        "id": "2826122:verify-boxes",
                        "attributes": {
                            "etag": "W/\"ede8c16a32b8486726dc59dcd7c7e761\"",
                            "id": "2826122:verify-boxes",
                            "permission": "push",
                            "repository": "verify-boxes",
                            "team_id": "2826122"
                        },
                        "meta": {},
                        "tainted": false
                    },
                    "deposed": [],
                    "provider": "provider.github"
                },
                "github_team_repository.repo_team_push.1": {
                    "type": "github_team_repository",
                    "depends_on": [
                        "data.github_team.push_teams.*",
                        "github_repository.repo"
                    ],
                    "primary": {
                        "id": "2826127:verify-boxes",
                        "attributes": {
                            "etag": "W/\"ede8c16a32b8486726dc59dcd7c7e761\"",
                            "id": "2826127:verify-boxes",
                            "permission": "push",
                            "repository": "verify-boxes",
                            "team_id": "2826127"
                        },
                        "meta": {},
                        "tainted": false
                    },
                    "deposed": [],
                    "provider": "provider.github"
                }
            },
            "depends_on": []
        },
        {
            "path": [
                "root",
                "repo_verify_build_scripts"
            ],
            "outputs": {},
            "resources": {
                "data.github_team.push_teams": {
                    "type": "github_team",
                    "depends_on": [],
                    "primary": {
                        "id": "2826122",
                        "attributes": {
                            "description": "Verify tech team: verify-tech-team-core",
                            "id": "2826122",
                            "members.#": "30",
                            "members.0": "idrop",
                            "members.1": "46bit",
                            "members.10": "zilnhoj",
                            "members.11": "vixus0",
                            "members.12": "robinmitra",
                            "members.13": "brenetic",
                            "members.14": "nacnudus",
                            "members.15": "CharlesIC",
                            "members.16": "jkunle",
                            "members.17": "sakisv",
                            "members.18": "mikieet",
                            "members.19": "Rosa-Fox",
                            "members.2": "galund",
                            "members.20": "AnneCarr",
                            "members.21": "ida-build-bot",
                            "members.22": "chrisclayson",
                            "members.23": "blairboy362",
                            "members.24": "Wynndow",
                            "members.25": "andy-paine",
                            "members.26": "tomrosier",
                            "members.27": "bjgill",
                            "members.28": "RacingHippo",
                            "members.29": "bravegrape",
                            "members.3": "issyl0",
                            "members.4": "phantas",
                            "members.5": "philandstuff",
                            "members.6": "chrisholmes",
                            "members.7": "thomasalanlee",
                            "members.8": "tlwr",
                            "members.9": "kerrr",
                            "name": "verify-tech-team-core",
                            "permission": "pull",
                            "privacy": "closed",
                            "slug": "verify-tech-team-core"
                        },
                        "meta": {},
                        "tainted": false
                    },
                    "deposed": [],
                    "provider": "provider.github"
                },
                "github_branch_protection.repo_protect_master": {
                    "type": "github_branch_protection",
                    "depends_on": [
                        "github_repository.repo"
                    ],
                    "primary": {
                        "id": "verify-build-scripts:master",
                        "attributes": {
                            "branch": "master",
                            "enforce_admins": "false",
                            "etag": "W/\"0e23f4839a4b0b3ea7033024479b910a\"",
                            "id": "verify-build-scripts:master",
                            "repository": "verify-build-scripts",
                            "required_pull_request_reviews.#": "1",
                            "required_pull_request_reviews.0.dismiss_stale_reviews": "true",
                            "required_pull_request_reviews.0.dismissal_teams.#": "0",
                            "required_pull_request_reviews.0.dismissal_users.#": "0",
                            "required_pull_request_reviews.0.include_admins": "false",
                            "required_pull_request_reviews.0.require_code_owner_reviews": "false",
                            "required_status_checks.#": "0",
                            "restrictions.#": "0"
                        },
                        "meta": {},
                        "tainted": false
                    },
                    "deposed": [],
                    "provider": "provider.github"
                },
                "github_repository.repo": {
                    "type": "github_repository",
                    "depends_on": [],
                    "primary": {
                        "id": "verify-build-scripts",
                        "attributes": {
                            "allow_merge_commit": "true",
                            "allow_rebase_merge": "false",
                            "allow_squash_merge": "false",
                            "archived": "false",
                            "auto_init": "true",
                            "default_branch": "master",
                            "description": "Useful scripts and tools for Verify tech",
                            "etag": "W/\"ff6e2514815d1beb378490c13aac3445\"",
                            "full_name": "alphagov/verify-build-scripts",
                            "git_clone_url": "git://github.com/alphagov/verify-build-scripts.git",
                            "has_downloads": "false",
                            "has_issues": "true",
                            "has_wiki": "true",
                            "homepage_url": "",
                            "html_url": "https://github.com/alphagov/verify-build-scripts",
                            "http_clone_url": "https://github.com/alphagov/verify-build-scripts.git",
                            "id": "verify-build-scripts",
                            "name": "verify-build-scripts",
                            "private": "true",
                            "ssh_clone_url": "git@github.com:alphagov/verify-build-scripts.git",
                            "svn_url": "https://github.com/alphagov/verify-build-scripts",
                            "topics.#": "1",
                            "topics.2357015465": "verify"
                        },
                        "meta": {},
                        "tainted": false
                    },
                    "deposed": [],
                    "provider": "provider.github"
                },
                "github_team_repository.repo_team_push": {
                    "type": "github_team_repository",
                    "depends_on": [
                        "data.github_team.push_teams.*",
                        "github_repository.repo"
                    ],
                    "primary": {
                        "id": "2826122:verify-build-scripts",
                        "attributes": {
                            "etag": "W/\"ad3892f8acc5273e21767ffc784582e7\"",
                            "id": "2826122:verify-build-scripts",
                            "permission": "push",
                            "repository": "verify-build-scripts",
                            "team_id": "2826122"
                        },
                        "meta": {},
                        "tainted": false
                    },
                    "deposed": [],
                    "provider": "provider.github"
                }
            },
            "depends_on": []
        },
        {
            "path": [
                "root",
                "repo_verify_data_pipeline"
            ],
            "outputs": {},
            "resources": {
                "data.github_team.push_teams": {
                    "type": "github_team",
                    "depends_on": [],
                    "primary": {
                        "id": "2826122",
                        "attributes": {
                            "description": "Verify tech team: verify-tech-team-core",
                            "id": "2826122",
                            "members.#": "30",
                            "members.0": "idrop",
                            "members.1": "46bit",
                            "members.10": "zilnhoj",
                            "members.11": "vixus0",
                            "members.12": "robinmitra",
                            "members.13": "brenetic",
                            "members.14": "nacnudus",
                            "members.15": "CharlesIC",
                            "members.16": "jkunle",
                            "members.17": "sakisv",
                            "members.18": "mikieet",
                            "members.19": "Rosa-Fox",
                            "members.2": "galund",
                            "members.20": "AnneCarr",
                            "members.21": "ida-build-bot",
                            "members.22": "chrisclayson",
                            "members.23": "blairboy362",
                            "members.24": "Wynndow",
                            "members.25": "andy-paine",
                            "members.26": "tomrosier",
                            "members.27": "bjgill",
                            "members.28": "RacingHippo",
                            "members.29": "bravegrape",
                            "members.3": "issyl0",
                            "members.4": "phantas",
                            "members.5": "philandstuff",
                            "members.6": "chrisholmes",
                            "members.7": "thomasalanlee",
                            "members.8": "tlwr",
                            "members.9": "kerrr",
                            "name": "verify-tech-team-core",
                            "permission": "pull",
                            "privacy": "closed",
                            "slug": "verify-tech-team-core"
                        },
                        "meta": {},
                        "tainted": false
                    },
                    "deposed": [],
                    "provider": "provider.github"
                },
                "github_branch_protection.repo_protect_master": {
                    "type": "github_branch_protection",
                    "depends_on": [],
                    "primary": {
                        "id": "verify-data-pipeline:master",
                        "attributes": {
                            "branch": "master",
                            "enforce_admins": "false",
                            "etag": "W/\"b349b2a70f30764b5980523608a654ec\"",
                            "id": "verify-data-pipeline:master",
                            "repository": "verify-data-pipeline",
                            "required_pull_request_reviews.#": "1",
                            "required_pull_request_reviews.0.dismiss_stale_reviews": "true",
                            "required_pull_request_reviews.0.dismissal_teams.#": "0",
                            "required_pull_request_reviews.0.dismissal_users.#": "0",
                            "required_pull_request_reviews.0.include_admins": "false",
                            "required_pull_request_reviews.0.require_code_owner_reviews": "false",
                            "required_status_checks.#": "0",
                            "restrictions.#": "0"
                        },
                        "meta": {},
                        "tainted": false
                    },
                    "deposed": [],
                    "provider": "provider.github"
                },
                "github_repository.repo": {
                    "type": "github_repository",
                    "depends_on": [],
                    "primary": {
                        "id": "verify-data-pipeline",
                        "attributes": {
                            "allow_merge_commit": "true",
                            "allow_rebase_merge": "false",
                            "allow_squash_merge": "false",
                            "archived": "false",
                            "auto_init": "true",
                            "default_branch": "master",
                            "description": "Manages Analytics code that generates statistics that inform journey improvements",
                            "etag": "W/\"b23e452ac016ab86dddc85cb0b387f82\"",
                            "full_name": "alphagov/verify-data-pipeline",
                            "git_clone_url": "git://github.com/alphagov/verify-data-pipeline.git",
                            "has_downloads": "false",
                            "has_issues": "true",
                            "has_wiki": "true",
                            "homepage_url": "",
                            "html_url": "https://github.com/alphagov/verify-data-pipeline",
                            "http_clone_url": "https://github.com/alphagov/verify-data-pipeline.git",
                            "id": "verify-data-pipeline",
                            "name": "verify-data-pipeline",
                            "private": "true",
                            "ssh_clone_url": "git@github.com:alphagov/verify-data-pipeline.git",
                            "svn_url": "https://github.com/alphagov/verify-data-pipeline",
                            "topics.#": "1",
                            "topics.2357015465": "verify"
                        },
                        "meta": {},
                        "tainted": false
                    },
                    "deposed": [],
                    "provider": "provider.github"
                },
                "github_team_repository.repo_team_push": {
                    "type": "github_team_repository",
                    "depends_on": [
                        "data.github_team.push_teams.*",
                        "github_repository.repo"
                    ],
                    "primary": {
                        "id": "2826122:verify-data-pipeline",
                        "attributes": {
                            "etag": "W/\"34f49456e0395c1336f2a1d174b6f329\"",
                            "id": "2826122:verify-data-pipeline",
                            "permission": "push",
                            "repository": "verify-data-pipeline",
                            "team_id": "2826122"
                        },
                        "meta": {},
                        "tainted": false
                    },
                    "deposed": [],
                    "provider": "provider.github"
                }
            },
            "depends_on": []
        },
        {
            "path": [
                "root",
                "repo_verify_data_pipeline_config"
            ],
            "outputs": {},
            "resources": {
                "data.github_team.push_teams": {
                    "type": "github_team",
                    "depends_on": [],
                    "primary": {
                        "id": "2826122",
                        "attributes": {
                            "description": "Verify tech team: verify-tech-team-core",
                            "id": "2826122",
                            "members.#": "30",
                            "members.0": "idrop",
                            "members.1": "46bit",
                            "members.10": "zilnhoj",
                            "members.11": "vixus0",
                            "members.12": "robinmitra",
                            "members.13": "brenetic",
                            "members.14": "nacnudus",
                            "members.15": "CharlesIC",
                            "members.16": "jkunle",
                            "members.17": "sakisv",
                            "members.18": "mikieet",
                            "members.19": "Rosa-Fox",
                            "members.2": "galund",
                            "members.20": "AnneCarr",
                            "members.21": "ida-build-bot",
                            "members.22": "chrisclayson",
                            "members.23": "blairboy362",
                            "members.24": "Wynndow",
                            "members.25": "andy-paine",
                            "members.26": "tomrosier",
                            "members.27": "bjgill",
                            "members.28": "RacingHippo",
                            "members.29": "bravegrape",
                            "members.3": "issyl0",
                            "members.4": "phantas",
                            "members.5": "philandstuff",
                            "members.6": "chrisholmes",
                            "members.7": "thomasalanlee",
                            "members.8": "tlwr",
                            "members.9": "kerrr",
                            "name": "verify-tech-team-core",
                            "permission": "pull",
                            "privacy": "closed",
                            "slug": "verify-tech-team-core"
                        },
                        "meta": {},
                        "tainted": false
                    },
                    "deposed": [],
                    "provider": "provider.github"
                },
                "github_branch_protection.repo_protect_master": {
                    "type": "github_branch_protection",
                    "depends_on": [],
                    "primary": {
                        "id": "verify-data-pipeline-config:master",
                        "attributes": {
                            "branch": "master",
                            "enforce_admins": "false",
                            "etag": "W/\"01d97403806872c413242a89cb541cb4\"",
                            "id": "verify-data-pipeline-config:master",
                            "repository": "verify-data-pipeline-config",
                            "required_pull_request_reviews.#": "1",
                            "required_pull_request_reviews.0.dismiss_stale_reviews": "true",
                            "required_pull_request_reviews.0.dismissal_teams.#": "0",
                            "required_pull_request_reviews.0.dismissal_users.#": "0",
                            "required_pull_request_reviews.0.include_admins": "false",
                            "required_pull_request_reviews.0.require_code_owner_reviews": "false",
                            "required_status_checks.#": "0",
                            "restrictions.#": "0"
                        },
                        "meta": {},
                        "tainted": false
                    },
                    "deposed": [],
                    "provider": "provider.github"
                },
                "github_repository.repo": {
                    "type": "github_repository",
                    "depends_on": [],
                    "primary": {
                        "id": "verify-data-pipeline-config",
                        "attributes": {
                            "allow_merge_commit": "true",
                            "allow_rebase_merge": "false",
                            "allow_squash_merge": "false",
                            "archived": "false",
                            "auto_init": "true",
                            "default_branch": "master",
                            "description": "Holds configuration data to help verify data pipeline run in production",
                            "etag": "W/\"72ec6d4774be955fea8be406285219f6\"",
                            "full_name": "alphagov/verify-data-pipeline-config",
                            "git_clone_url": "git://github.com/alphagov/verify-data-pipeline-config.git",
                            "has_downloads": "false",
                            "has_issues": "true",
                            "has_wiki": "true",
                            "homepage_url": "",
                            "html_url": "https://github.com/alphagov/verify-data-pipeline-config",
                            "http_clone_url": "https://github.com/alphagov/verify-data-pipeline-config.git",
                            "id": "verify-data-pipeline-config",
                            "name": "verify-data-pipeline-config",
                            "private": "true",
                            "ssh_clone_url": "git@github.com:alphagov/verify-data-pipeline-config.git",
                            "svn_url": "https://github.com/alphagov/verify-data-pipeline-config",
                            "topics.#": "0"
                        },
                        "meta": {},
                        "tainted": false
                    },
                    "deposed": [],
                    "provider": "provider.github"
                },
                "github_team_repository.repo_team_push": {
                    "type": "github_team_repository",
                    "depends_on": [
                        "data.github_team.push_teams.*",
                        "github_repository.repo"
                    ],
                    "primary": {
                        "id": "2826122:verify-data-pipeline-config",
                        "attributes": {
                            "etag": "W/\"93d28452106367217e2075925200dffd\"",
                            "id": "2826122:verify-data-pipeline-config",
                            "permission": "push",
                            "repository": "verify-data-pipeline-config",
                            "team_id": "2826122"
                        },
                        "meta": {},
                        "tainted": false
                    },
                    "deposed": [],
                    "provider": "provider.github"
                }
            },
            "depends_on": []
        },
        {
            "path": [
                "root",
                "repo_verify_data_schemas"
            ],
            "outputs": {},
            "resources": {
                "data.github_team.push_teams": {
                    "type": "github_team",
                    "depends_on": [],
                    "primary": {
                        "id": "2826122",
                        "attributes": {
                            "description": "Verify tech team: verify-tech-team-core",
                            "id": "2826122",
                            "members.#": "30",
                            "members.0": "idrop",
                            "members.1": "46bit",
                            "members.10": "zilnhoj",
                            "members.11": "vixus0",
                            "members.12": "robinmitra",
                            "members.13": "brenetic",
                            "members.14": "nacnudus",
                            "members.15": "CharlesIC",
                            "members.16": "jkunle",
                            "members.17": "sakisv",
                            "members.18": "mikieet",
                            "members.19": "Rosa-Fox",
                            "members.2": "galund",
                            "members.20": "AnneCarr",
                            "members.21": "ida-build-bot",
                            "members.22": "chrisclayson",
                            "members.23": "blairboy362",
                            "members.24": "Wynndow",
                            "members.25": "andy-paine",
                            "members.26": "tomrosier",
                            "members.27": "bjgill",
                            "members.28": "RacingHippo",
                            "members.29": "bravegrape",
                            "members.3": "issyl0",
                            "members.4": "phantas",
                            "members.5": "philandstuff",
                            "members.6": "chrisholmes",
                            "members.7": "thomasalanlee",
                            "members.8": "tlwr",
                            "members.9": "kerrr",
                            "name": "verify-tech-team-core",
                            "permission": "pull",
                            "privacy": "closed",
                            "slug": "verify-tech-team-core"
                        },
                        "meta": {},
                        "tainted": false
                    },
                    "deposed": [],
                    "provider": "provider.github"
                },
                "github_branch_protection.repo_protect_master": {
                    "type": "github_branch_protection",
                    "depends_on": [
                        "github_repository.repo"
                    ],
                    "primary": {
                        "id": "verify-data-schemas:master",
                        "attributes": {
                            "branch": "master",
                            "enforce_admins": "false",
                            "etag": "W/\"0fd6a8ec4c9ca35321295a2c3990d894\"",
                            "id": "verify-data-schemas:master",
                            "repository": "verify-data-schemas",
                            "required_pull_request_reviews.#": "1",
                            "required_pull_request_reviews.0.dismiss_stale_reviews": "true",
                            "required_pull_request_reviews.0.dismissal_teams.#": "0",
                            "required_pull_request_reviews.0.dismissal_users.#": "0",
                            "required_pull_request_reviews.0.include_admins": "false",
                            "required_pull_request_reviews.0.require_code_owner_reviews": "false",
                            "required_status_checks.#": "0",
                            "restrictions.#": "0"
                        },
                        "meta": {},
                        "tainted": false
                    },
                    "deposed": [],
                    "provider": "provider.github"
                },
                "github_repository.repo": {
                    "type": "github_repository",
                    "depends_on": [],
                    "primary": {
                        "id": "verify-data-schemas",
                        "attributes": {
                            "allow_merge_commit": "true",
                            "allow_rebase_merge": "false",
                            "allow_squash_merge": "false",
                            "archived": "false",
                            "auto_init": "true",
                            "default_branch": "master",
                            "description": "YAML specifications for Verify data",
                            "etag": "W/\"503800a3ca9261eb7aa3da81b1b11351\"",
                            "full_name": "alphagov/verify-data-schemas",
                            "git_clone_url": "git://github.com/alphagov/verify-data-schemas.git",
                            "has_downloads": "false",
                            "has_issues": "true",
                            "has_wiki": "true",
                            "homepage_url": "",
                            "html_url": "https://github.com/alphagov/verify-data-schemas",
                            "http_clone_url": "https://github.com/alphagov/verify-data-schemas.git",
                            "id": "verify-data-schemas",
                            "name": "verify-data-schemas",
                            "private": "false",
                            "ssh_clone_url": "git@github.com:alphagov/verify-data-schemas.git",
                            "svn_url": "https://github.com/alphagov/verify-data-schemas",
                            "topics.#": "1",
                            "topics.2357015465": "verify"
                        },
                        "meta": {},
                        "tainted": false
                    },
                    "deposed": [],
                    "provider": "provider.github"
                },
                "github_team_repository.repo_team_push": {
                    "type": "github_team_repository",
                    "depends_on": [
                        "data.github_team.push_teams.*",
                        "github_repository.repo"
                    ],
                    "primary": {
                        "id": "2826122:verify-data-schemas",
                        "attributes": {
                            "etag": "W/\"57600a07a19be4ee46c089418b5d1e2e\"",
                            "id": "2826122:verify-data-schemas",
                            "permission": "push",
                            "repository": "verify-data-schemas",
                            "team_id": "2826122"
                        },
                        "meta": {},
                        "tainted": false
                    },
                    "deposed": [],
                    "provider": "provider.github"
                }
            },
            "depends_on": []
        },
        {
            "path": [
                "root",
                "repo_verify_datascience_sandbox"
            ],
            "outputs": {},
            "resources": {
                "data.github_team.push_teams": {
                    "type": "github_team",
                    "depends_on": [],
                    "primary": {
                        "id": "2826122",
                        "attributes": {
                            "description": "Verify tech team: verify-tech-team-core",
                            "id": "2826122",
                            "members.#": "30",
                            "members.0": "idrop",
                            "members.1": "46bit",
                            "members.10": "zilnhoj",
                            "members.11": "vixus0",
                            "members.12": "robinmitra",
                            "members.13": "brenetic",
                            "members.14": "nacnudus",
                            "members.15": "CharlesIC",
                            "members.16": "jkunle",
                            "members.17": "sakisv",
                            "members.18": "mikieet",
                            "members.19": "Rosa-Fox",
                            "members.2": "galund",
                            "members.20": "AnneCarr",
                            "members.21": "ida-build-bot",
                            "members.22": "chrisclayson",
                            "members.23": "blairboy362",
                            "members.24": "Wynndow",
                            "members.25": "andy-paine",
                            "members.26": "tomrosier",
                            "members.27": "bjgill",
                            "members.28": "RacingHippo",
                            "members.29": "bravegrape",
                            "members.3": "issyl0",
                            "members.4": "phantas",
                            "members.5": "philandstuff",
                            "members.6": "chrisholmes",
                            "members.7": "thomasalanlee",
                            "members.8": "tlwr",
                            "members.9": "kerrr",
                            "name": "verify-tech-team-core",
                            "permission": "pull",
                            "privacy": "closed",
                            "slug": "verify-tech-team-core"
                        },
                        "meta": {},
                        "tainted": false
                    },
                    "deposed": [],
                    "provider": "provider.github"
                },
                "github_branch_protection.repo_protect_master": {
                    "type": "github_branch_protection",
                    "depends_on": [
                        "github_repository.repo"
                    ],
                    "primary": {
                        "id": "verify-datascience-sandbox:master",
                        "attributes": {
                            "branch": "master",
                            "enforce_admins": "false",
                            "etag": "W/\"fae88f589dd30baf04488d1ceac5fa99\"",
                            "id": "verify-datascience-sandbox:master",
                            "repository": "verify-datascience-sandbox",
                            "required_pull_request_reviews.#": "1",
                            "required_pull_request_reviews.0.dismiss_stale_reviews": "true",
                            "required_pull_request_reviews.0.dismissal_teams.#": "0",
                            "required_pull_request_reviews.0.dismissal_users.#": "0",
                            "required_pull_request_reviews.0.include_admins": "false",
                            "required_pull_request_reviews.0.require_code_owner_reviews": "false",
                            "required_status_checks.#": "0",
                            "restrictions.#": "0"
                        },
                        "meta": {},
                        "tainted": false
                    },
                    "deposed": [],
                    "provider": "provider.github"
                },
                "github_repository.repo": {
                    "type": "github_repository",
                    "depends_on": [],
                    "primary": {
                        "id": "verify-datascience-sandbox",
                        "attributes": {
                            "allow_merge_commit": "true",
                            "allow_rebase_merge": "false",
                            "allow_squash_merge": "false",
                            "archived": "false",
                            "default_branch": "master",
                            "description": "A repository for analysis of GOV.UK Verify data.",
                            "etag": "W/\"ad6e579c943698ba07bcd7d888247de6\"",
                            "full_name": "alphagov/verify-datascience-sandbox",
                            "git_clone_url": "git://github.com/alphagov/verify-datascience-sandbox.git",
                            "has_downloads": "false",
                            "has_issues": "true",
                            "has_wiki": "true",
                            "homepage_url": "",
                            "html_url": "https://github.com/alphagov/verify-datascience-sandbox",
                            "http_clone_url": "https://github.com/alphagov/verify-datascience-sandbox.git",
                            "id": "verify-datascience-sandbox",
                            "name": "verify-datascience-sandbox",
                            "private": "true",
                            "ssh_clone_url": "git@github.com:alphagov/verify-datascience-sandbox.git",
                            "svn_url": "https://github.com/alphagov/verify-datascience-sandbox",
                            "topics.#": "0"
                        },
                        "meta": {},
                        "tainted": false
                    },
                    "deposed": [],
                    "provider": "provider.github"
                },
                "github_team_repository.repo_team_push": {
                    "type": "github_team_repository",
                    "depends_on": [
                        "data.github_team.push_teams.*",
                        "github_repository.repo"
                    ],
                    "primary": {
                        "id": "2826122:verify-datascience-sandbox",
                        "attributes": {
                            "etag": "W/\"191d18c3d30806b6c12e228e783d665f\"",
                            "id": "2826122:verify-datascience-sandbox",
                            "permission": "push",
                            "repository": "verify-datascience-sandbox",
                            "team_id": "2826122"
                        },
                        "meta": {},
                        "tainted": false
                    },
                    "deposed": [],
                    "provider": "provider.github"
                }
            },
            "depends_on": []
        },
        {
            "path": [
                "root",
                "repo_verify_eidas_metadata_aggregator"
            ],
            "outputs": {},
            "resources": {
                "data.github_team.push_teams": {
                    "type": "github_team",
                    "depends_on": [],
                    "primary": {
                        "id": "2826126",
                        "attributes": {
                            "description": "Verify tech team: verify-tech-team-eidas",
                            "id": "2826126",
                            "members.#": "13",
                            "members.0": "idrop",
                            "members.1": "chrisholmes",
                            "members.10": "JHjava",
                            "members.11": "dbes-gds",
                            "members.12": "ida-codacy-bot",
                            "members.2": "thomasalanlee",
                            "members.3": "vixus0",
                            "members.4": "CharlesIC",
                            "members.5": "ida-build-bot",
                            "members.6": "blairboy362",
                            "members.7": "Wynndow",
                            "members.8": "tomrosier",
                            "members.9": "benjamin-mortimer",
                            "name": "verify-tech-team-eidas",
                            "permission": "pull",
                            "privacy": "closed",
                            "slug": "verify-tech-team-eidas"
                        },
                        "meta": {},
                        "tainted": false
                    },
                    "deposed": [],
                    "provider": "provider.github"
                },
                "github_branch_protection.repo_protect_master": {
                    "type": "github_branch_protection",
                    "depends_on": [
                        "github_repository.repo"
                    ],
                    "primary": {
                        "id": "verify-eidas-metadata-aggregator:master",
                        "attributes": {
                            "branch": "master",
                            "enforce_admins": "false",
                            "etag": "W/\"d99666530ecc704c11f31bce63633282\"",
                            "id": "verify-eidas-metadata-aggregator:master",
                            "repository": "verify-eidas-metadata-aggregator",
                            "required_pull_request_reviews.#": "1",
                            "required_pull_request_reviews.0.dismiss_stale_reviews": "true",
                            "required_pull_request_reviews.0.dismissal_teams.#": "0",
                            "required_pull_request_reviews.0.dismissal_users.#": "0",
                            "required_pull_request_reviews.0.include_admins": "false",
                            "required_pull_request_reviews.0.require_code_owner_reviews": "false",
                            "required_status_checks.#": "0",
                            "restrictions.#": "0"
                        },
                        "meta": {},
                        "tainted": false
                    },
                    "deposed": [],
                    "provider": "provider.github"
                },
                "github_repository.repo": {
                    "type": "github_repository",
                    "depends_on": [],
                    "primary": {
                        "id": "verify-eidas-metadata-aggregator",
                        "attributes": {
                            "allow_merge_commit": "true",
                            "allow_rebase_merge": "false",
                            "allow_squash_merge": "false",
                            "archived": "false",
                            "auto_init": "true",
                            "default_branch": "master",
                            "description": "Script to aggregate SAML metadata from EU countries",
                            "etag": "W/\"3f6bb4431a247f1d2efe2aca9e5e4da7\"",
                            "full_name": "alphagov/verify-eidas-metadata-aggregator",
                            "git_clone_url": "git://github.com/alphagov/verify-eidas-metadata-aggregator.git",
                            "has_downloads": "false",
                            "has_issues": "true",
                            "has_wiki": "true",
                            "homepage_url": "",
                            "html_url": "https://github.com/alphagov/verify-eidas-metadata-aggregator",
                            "http_clone_url": "https://github.com/alphagov/verify-eidas-metadata-aggregator.git",
                            "id": "verify-eidas-metadata-aggregator",
                            "name": "verify-eidas-metadata-aggregator",
                            "private": "false",
                            "ssh_clone_url": "git@github.com:alphagov/verify-eidas-metadata-aggregator.git",
                            "svn_url": "https://github.com/alphagov/verify-eidas-metadata-aggregator",
                            "topics.#": "1",
                            "topics.2357015465": "verify"
                        },
                        "meta": {},
                        "tainted": false
                    },
                    "deposed": [],
                    "provider": "provider.github"
                },
                "github_team_repository.repo_team_push": {
                    "type": "github_team_repository",
                    "depends_on": [
                        "data.github_team.push_teams.*",
                        "github_repository.repo"
                    ],
                    "primary": {
                        "id": "2826126:verify-eidas-metadata-aggregator",
                        "attributes": {
                            "etag": "W/\"a0711f6442944fca78f00b6383b89ccf\"",
                            "id": "2826126:verify-eidas-metadata-aggregator",
                            "permission": "push",
                            "repository": "verify-eidas-metadata-aggregator",
                            "team_id": "2826126"
                        },
                        "meta": {},
                        "tainted": false
                    },
                    "deposed": [],
                    "provider": "provider.github"
                }
            },
            "depends_on": []
        },
        {
            "path": [
                "root",
                "repo_verify_eidas_mw_config_generator"
            ],
            "outputs": {},
            "resources": {
                "data.github_team.push_teams": {
                    "type": "github_team",
                    "depends_on": [],
                    "primary": {
                        "id": "2826126",
                        "attributes": {
                            "description": "Verify tech team: verify-tech-team-eidas",
                            "id": "2826126",
                            "members.#": "13",
                            "members.0": "idrop",
                            "members.1": "chrisholmes",
                            "members.10": "JHjava",
                            "members.11": "dbes-gds",
                            "members.12": "ida-codacy-bot",
                            "members.2": "thomasalanlee",
                            "members.3": "vixus0",
                            "members.4": "CharlesIC",
                            "members.5": "ida-build-bot",
                            "members.6": "blairboy362",
                            "members.7": "Wynndow",
                            "members.8": "tomrosier",
                            "members.9": "benjamin-mortimer",
                            "name": "verify-tech-team-eidas",
                            "permission": "pull",
                            "privacy": "closed",
                            "slug": "verify-tech-team-eidas"
                        },
                        "meta": {},
                        "tainted": false
                    },
                    "deposed": [],
                    "provider": "provider.github"
                },
                "github_branch_protection.repo_protect_master": {
                    "type": "github_branch_protection",
                    "depends_on": [
                        "github_repository.repo"
                    ],
                    "primary": {
                        "id": "verify-eidas-mw-config-generator:master",
                        "attributes": {
                            "branch": "master",
                            "enforce_admins": "false",
                            "etag": "W/\"707ecfa929c31915c6715802b1b25fea\"",
                            "id": "verify-eidas-mw-config-generator:master",
                            "repository": "verify-eidas-mw-config-generator",
                            "required_pull_request_reviews.#": "1",
                            "required_pull_request_reviews.0.dismiss_stale_reviews": "true",
                            "required_pull_request_reviews.0.dismissal_teams.#": "0",
                            "required_pull_request_reviews.0.dismissal_users.#": "0",
                            "required_pull_request_reviews.0.include_admins": "false",
                            "required_pull_request_reviews.0.require_code_owner_reviews": "false",
                            "required_status_checks.#": "0",
                            "restrictions.#": "0"
                        },
                        "meta": {},
                        "tainted": false
                    },
                    "deposed": [],
                    "provider": "provider.github"
                },
                "github_repository.repo": {
                    "type": "github_repository",
                    "depends_on": [],
                    "primary": {
                        "id": "verify-eidas-mw-config-generator",
                        "attributes": {
                            "allow_merge_commit": "true",
                            "allow_rebase_merge": "false",
                            "allow_squash_merge": "false",
                            "archived": "false",
                            "auto_init": "true",
                            "default_branch": "master",
                            "description": "eIDAS Middleware Configuration Generator",
                            "etag": "W/\"4ab74eedba86bbd47ecde700910d0804\"",
                            "full_name": "alphagov/verify-eidas-mw-config-generator",
                            "git_clone_url": "git://github.com/alphagov/verify-eidas-mw-config-generator.git",
                            "has_downloads": "false",
                            "has_issues": "true",
                            "has_wiki": "true",
                            "homepage_url": "",
                            "html_url": "https://github.com/alphagov/verify-eidas-mw-config-generator",
                            "http_clone_url": "https://github.com/alphagov/verify-eidas-mw-config-generator.git",
                            "id": "verify-eidas-mw-config-generator",
                            "name": "verify-eidas-mw-config-generator",
                            "private": "false",
                            "ssh_clone_url": "git@github.com:alphagov/verify-eidas-mw-config-generator.git",
                            "svn_url": "https://github.com/alphagov/verify-eidas-mw-config-generator",
                            "topics.#": "0"
                        },
                        "meta": {},
                        "tainted": false
                    },
                    "deposed": [],
                    "provider": "provider.github"
                },
                "github_team_repository.repo_team_push": {
                    "type": "github_team_repository",
                    "depends_on": [
                        "data.github_team.push_teams.*",
                        "github_repository.repo"
                    ],
                    "primary": {
                        "id": "2826126:verify-eidas-mw-config-generator",
                        "attributes": {
                            "etag": "W/\"f6ea11a77de62a928a6343bd71bad797\"",
                            "id": "2826126:verify-eidas-mw-config-generator",
                            "permission": "push",
                            "repository": "verify-eidas-mw-config-generator",
                            "team_id": "2826126"
                        },
                        "meta": {},
                        "tainted": false
                    },
                    "deposed": [],
                    "provider": "provider.github"
                }
            },
            "depends_on": []
        },
        {
            "path": [
                "root",
                "repo_verify_eidas_mw_run"
            ],
            "outputs": {},
            "resources": {
                "data.github_team.push_teams": {
                    "type": "github_team",
                    "depends_on": [],
                    "primary": {
                        "id": "2826126",
                        "attributes": {
                            "description": "Verify tech team: verify-tech-team-eidas",
                            "id": "2826126",
                            "members.#": "13",
                            "members.0": "idrop",
                            "members.1": "chrisholmes",
                            "members.10": "JHjava",
                            "members.11": "dbes-gds",
                            "members.12": "ida-codacy-bot",
                            "members.2": "thomasalanlee",
                            "members.3": "vixus0",
                            "members.4": "CharlesIC",
                            "members.5": "ida-build-bot",
                            "members.6": "blairboy362",
                            "members.7": "Wynndow",
                            "members.8": "tomrosier",
                            "members.9": "benjamin-mortimer",
                            "name": "verify-tech-team-eidas",
                            "permission": "pull",
                            "privacy": "closed",
                            "slug": "verify-tech-team-eidas"
                        },
                        "meta": {},
                        "tainted": false
                    },
                    "deposed": [],
                    "provider": "provider.github"
                },
                "github_branch_protection.repo_protect_master": {
                    "type": "github_branch_protection",
                    "depends_on": [
                        "github_repository.repo"
                    ],
                    "primary": {
                        "id": "verify-eidas-mw-run:master",
                        "attributes": {
                            "branch": "master",
                            "enforce_admins": "false",
                            "etag": "W/\"4e930a7280064a506000d69434e0be99\"",
                            "id": "verify-eidas-mw-run:master",
                            "repository": "verify-eidas-mw-run",
                            "required_pull_request_reviews.#": "1",
                            "required_pull_request_reviews.0.dismiss_stale_reviews": "true",
                            "required_pull_request_reviews.0.dismissal_teams.#": "0",
                            "required_pull_request_reviews.0.dismissal_users.#": "0",
                            "required_pull_request_reviews.0.include_admins": "false",
                            "required_pull_request_reviews.0.require_code_owner_reviews": "false",
                            "required_status_checks.#": "0",
                            "restrictions.#": "0"
                        },
                        "meta": {},
                        "tainted": false
                    },
                    "deposed": [],
                    "provider": "provider.github"
                },
                "github_repository.repo": {
                    "type": "github_repository",
                    "depends_on": [],
                    "primary": {
                        "id": "verify-eidas-mw-run",
                        "attributes": {
                            "allow_merge_commit": "true",
                            "allow_rebase_merge": "false",
                            "allow_squash_merge": "false",
                            "archived": "false",
                            "auto_init": "true",
                            "default_branch": "master",
                            "description": "German eIDAS middleware run container",
                            "etag": "W/\"dd8b9a8dd15356ac0bc08aab11ef385e\"",
                            "full_name": "alphagov/verify-eidas-mw-run",
                            "git_clone_url": "git://github.com/alphagov/verify-eidas-mw-run.git",
                            "has_downloads": "false",
                            "has_issues": "true",
                            "has_wiki": "true",
                            "homepage_url": "",
                            "html_url": "https://github.com/alphagov/verify-eidas-mw-run",
                            "http_clone_url": "https://github.com/alphagov/verify-eidas-mw-run.git",
                            "id": "verify-eidas-mw-run",
                            "name": "verify-eidas-mw-run",
                            "private": "false",
                            "ssh_clone_url": "git@github.com:alphagov/verify-eidas-mw-run.git",
                            "svn_url": "https://github.com/alphagov/verify-eidas-mw-run",
                            "topics.#": "0"
                        },
                        "meta": {},
                        "tainted": false
                    },
                    "deposed": [],
                    "provider": "provider.github"
                },
                "github_team_repository.repo_team_push": {
                    "type": "github_team_repository",
                    "depends_on": [
                        "data.github_team.push_teams.*",
                        "github_repository.repo"
                    ],
                    "primary": {
                        "id": "2826126:verify-eidas-mw-run",
                        "attributes": {
                            "etag": "W/\"df518ed40b27835f4206d50a261f8a40\"",
                            "id": "2826126:verify-eidas-mw-run",
                            "permission": "push",
                            "repository": "verify-eidas-mw-run",
                            "team_id": "2826126"
                        },
                        "meta": {},
                        "tainted": false
                    },
                    "deposed": [],
                    "provider": "provider.github"
                }
            },
            "depends_on": []
        },
        {
            "path": [
                "root",
                "repo_verify_eidas_trust_anchor"
            ],
            "outputs": {},
            "resources": {
                "data.github_team.push_teams": {
                    "type": "github_team",
                    "depends_on": [],
                    "primary": {
                        "id": "2826126",
                        "attributes": {
                            "description": "Verify tech team: verify-tech-team-eidas",
                            "id": "2826126",
                            "members.#": "13",
                            "members.0": "idrop",
                            "members.1": "chrisholmes",
                            "members.10": "JHjava",
                            "members.11": "dbes-gds",
                            "members.12": "ida-codacy-bot",
                            "members.2": "thomasalanlee",
                            "members.3": "vixus0",
                            "members.4": "CharlesIC",
                            "members.5": "ida-build-bot",
                            "members.6": "blairboy362",
                            "members.7": "Wynndow",
                            "members.8": "tomrosier",
                            "members.9": "benjamin-mortimer",
                            "name": "verify-tech-team-eidas",
                            "permission": "pull",
                            "privacy": "closed",
                            "slug": "verify-tech-team-eidas"
                        },
                        "meta": {},
                        "tainted": false
                    },
                    "deposed": [],
                    "provider": "provider.github"
                },
                "github_branch_protection.repo_protect_master": {
                    "type": "github_branch_protection",
                    "depends_on": [],
                    "primary": {
                        "id": "verify-eidas-trust-anchor:master",
                        "attributes": {
                            "branch": "master",
                            "enforce_admins": "false",
                            "etag": "W/\"d69520c1ca4843bf7fb2e190db0dd83e\"",
                            "id": "verify-eidas-trust-anchor:master",
                            "repository": "verify-eidas-trust-anchor",
                            "required_pull_request_reviews.#": "1",
                            "required_pull_request_reviews.0.dismiss_stale_reviews": "true",
                            "required_pull_request_reviews.0.dismissal_teams.#": "0",
                            "required_pull_request_reviews.0.dismissal_users.#": "0",
                            "required_pull_request_reviews.0.include_admins": "false",
                            "required_pull_request_reviews.0.require_code_owner_reviews": "false",
                            "required_status_checks.#": "0",
                            "restrictions.#": "0"
                        },
                        "meta": {},
                        "tainted": false
                    },
                    "deposed": [],
                    "provider": "provider.github"
                },
                "github_repository.repo": {
                    "type": "github_repository",
                    "depends_on": [],
                    "primary": {
                        "id": "verify-eidas-trust-anchor",
                        "attributes": {
                            "allow_merge_commit": "true",
                            "allow_rebase_merge": "false",
                            "allow_squash_merge": "false",
                            "archived": "false",
                            "auto_init": "true",
                            "default_branch": "master",
                            "description": "Generates trust anchors as JSON Web Keys that allow MSAs and Hubs to validate European metadata.",
                            "etag": "W/\"69215a7b57bca049efa4a408d58ef139\"",
                            "full_name": "alphagov/verify-eidas-trust-anchor",
                            "git_clone_url": "git://github.com/alphagov/verify-eidas-trust-anchor.git",
                            "has_downloads": "false",
                            "has_issues": "true",
                            "has_wiki": "true",
                            "homepage_url": "",
                            "html_url": "https://github.com/alphagov/verify-eidas-trust-anchor",
                            "http_clone_url": "https://github.com/alphagov/verify-eidas-trust-anchor.git",
                            "id": "verify-eidas-trust-anchor",
                            "name": "verify-eidas-trust-anchor",
                            "private": "false",
                            "ssh_clone_url": "git@github.com:alphagov/verify-eidas-trust-anchor.git",
                            "svn_url": "https://github.com/alphagov/verify-eidas-trust-anchor",
                            "topics.#": "1",
                            "topics.2357015465": "verify"
                        },
                        "meta": {},
                        "tainted": false
                    },
                    "deposed": [],
                    "provider": "provider.github"
                },
                "github_team_repository.repo_team_push": {
                    "type": "github_team_repository",
                    "depends_on": [
                        "data.github_team.push_teams.*",
                        "github_repository.repo"
                    ],
                    "primary": {
                        "id": "2826126:verify-eidas-trust-anchor",
                        "attributes": {
                            "etag": "W/\"f4a2fcfddf70acb9f2262b925468f625\"",
                            "id": "2826126:verify-eidas-trust-anchor",
                            "permission": "push",
                            "repository": "verify-eidas-trust-anchor",
                            "team_id": "2826126"
                        },
                        "meta": {},
                        "tainted": false
                    },
                    "deposed": [],
                    "provider": "provider.github"
                }
            },
            "depends_on": []
        },
        {
            "path": [
                "root",
                "repo_verify_event_emitter"
            ],
            "outputs": {},
            "resources": {
                "data.github_team.push_teams": {
                    "type": "github_team",
                    "depends_on": [],
                    "primary": {
                        "id": "2826122",
                        "attributes": {
                            "description": "Verify tech team: verify-tech-team-core",
                            "id": "2826122",
                            "members.#": "30",
                            "members.0": "idrop",
                            "members.1": "46bit",
                            "members.10": "zilnhoj",
                            "members.11": "vixus0",
                            "members.12": "robinmitra",
                            "members.13": "brenetic",
                            "members.14": "nacnudus",
                            "members.15": "CharlesIC",
                            "members.16": "jkunle",
                            "members.17": "sakisv",
                            "members.18": "mikieet",
                            "members.19": "Rosa-Fox",
                            "members.2": "galund",
                            "members.20": "AnneCarr",
                            "members.21": "ida-build-bot",
                            "members.22": "chrisclayson",
                            "members.23": "blairboy362",
                            "members.24": "Wynndow",
                            "members.25": "andy-paine",
                            "members.26": "tomrosier",
                            "members.27": "bjgill",
                            "members.28": "RacingHippo",
                            "members.29": "bravegrape",
                            "members.3": "issyl0",
                            "members.4": "phantas",
                            "members.5": "philandstuff",
                            "members.6": "chrisholmes",
                            "members.7": "thomasalanlee",
                            "members.8": "tlwr",
                            "members.9": "kerrr",
                            "name": "verify-tech-team-core",
                            "permission": "pull",
                            "privacy": "closed",
                            "slug": "verify-tech-team-core"
                        },
                        "meta": {},
                        "tainted": false
                    },
                    "deposed": [],
                    "provider": "provider.github"
                },
                "github_branch_protection.repo_protect_master": {
                    "type": "github_branch_protection",
                    "depends_on": [
                        "github_repository.repo"
                    ],
                    "primary": {
                        "id": "verify-event-emitter:master",
                        "attributes": {
                            "branch": "master",
                            "enforce_admins": "false",
                            "etag": "W/\"612bee6cdf1f772c0551e15151789730\"",
                            "id": "verify-event-emitter:master",
                            "repository": "verify-event-emitter",
                            "required_pull_request_reviews.#": "1",
                            "required_pull_request_reviews.0.dismiss_stale_reviews": "true",
                            "required_pull_request_reviews.0.dismissal_teams.#": "0",
                            "required_pull_request_reviews.0.dismissal_users.#": "0",
                            "required_pull_request_reviews.0.include_admins": "false",
                            "required_pull_request_reviews.0.require_code_owner_reviews": "false",
                            "required_status_checks.#": "0",
                            "restrictions.#": "0"
                        },
                        "meta": {},
                        "tainted": false
                    },
                    "deposed": [],
                    "provider": "provider.github"
                },
                "github_repository.repo": {
                    "type": "github_repository",
                    "depends_on": [],
                    "primary": {
                        "id": "verify-event-emitter",
                        "attributes": {
                            "allow_merge_commit": "true",
                            "allow_rebase_merge": "false",
                            "allow_squash_merge": "false",
                            "archived": "false",
                            "auto_init": "true",
                            "default_branch": "master",
                            "description": "Send events",
                            "etag": "W/\"1f75384eff1dbb0dccfb7c8d23d2e868\"",
                            "full_name": "alphagov/verify-event-emitter",
                            "git_clone_url": "git://github.com/alphagov/verify-event-emitter.git",
                            "has_downloads": "false",
                            "has_issues": "true",
                            "has_wiki": "true",
                            "homepage_url": "",
                            "html_url": "https://github.com/alphagov/verify-event-emitter",
                            "http_clone_url": "https://github.com/alphagov/verify-event-emitter.git",
                            "id": "verify-event-emitter",
                            "name": "verify-event-emitter",
                            "private": "false",
                            "ssh_clone_url": "git@github.com:alphagov/verify-event-emitter.git",
                            "svn_url": "https://github.com/alphagov/verify-event-emitter",
                            "topics.#": "1",
                            "topics.2357015465": "verify"
                        },
                        "meta": {},
                        "tainted": false
                    },
                    "deposed": [],
                    "provider": "provider.github"
                },
                "github_team_repository.repo_team_push": {
                    "type": "github_team_repository",
                    "depends_on": [
                        "data.github_team.teams.*",
                        "github_repository.repo"
                    ],
                    "primary": {
                        "id": "2826122:verify-event-emitter",
                        "attributes": {
                            "etag": "W/\"24057236839b8c82a1e9362759ce0c59\"",
                            "id": "2826122:verify-event-emitter",
                            "permission": "push",
                            "repository": "verify-event-emitter",
                            "team_id": "2826122"
                        },
                        "meta": {},
                        "tainted": false
                    },
                    "deposed": [],
                    "provider": "provider.github"
                }
            },
            "depends_on": []
        },
        {
            "path": [
                "root",
                "repo_verify_event_infrastructure"
            ],
            "outputs": {},
            "resources": {
                "data.github_team.push_teams.0": {
                    "type": "github_team",
                    "depends_on": [],
                    "primary": {
                        "id": "2826122",
                        "attributes": {
                            "description": "Verify tech team: verify-tech-team-core",
                            "id": "2826122",
                            "members.#": "30",
                            "members.0": "idrop",
                            "members.1": "46bit",
                            "members.10": "zilnhoj",
                            "members.11": "vixus0",
                            "members.12": "robinmitra",
                            "members.13": "brenetic",
                            "members.14": "nacnudus",
                            "members.15": "CharlesIC",
                            "members.16": "jkunle",
                            "members.17": "sakisv",
                            "members.18": "mikieet",
                            "members.19": "Rosa-Fox",
                            "members.2": "galund",
                            "members.20": "AnneCarr",
                            "members.21": "ida-build-bot",
                            "members.22": "chrisclayson",
                            "members.23": "blairboy362",
                            "members.24": "Wynndow",
                            "members.25": "andy-paine",
                            "members.26": "tomrosier",
                            "members.27": "bjgill",
                            "members.28": "RacingHippo",
                            "members.29": "bravegrape",
                            "members.3": "issyl0",
                            "members.4": "phantas",
                            "members.5": "philandstuff",
                            "members.6": "chrisholmes",
                            "members.7": "thomasalanlee",
                            "members.8": "tlwr",
                            "members.9": "kerrr",
                            "name": "verify-tech-team-core",
                            "permission": "pull",
                            "privacy": "closed",
                            "slug": "verify-tech-team-core"
                        },
                        "meta": {},
                        "tainted": false
                    },
                    "deposed": [],
                    "provider": "provider.github"
                },
                "data.github_team.push_teams.1": {
                    "type": "github_team",
                    "depends_on": [],
                    "primary": {
                        "id": "2826127",
                        "attributes": {
                            "description": "Verify tech team: verify-tech-team-infrastructure",
                            "id": "2826127",
                            "members.#": "19",
                            "members.0": "46bit",
                            "members.1": "issyl0",
                            "members.10": "ronocg",
                            "members.11": "smford",
                            "members.12": "blairboy362",
                            "members.13": "andy-paine",
                            "members.14": "jstandring-gds",
                            "members.15": "adityapahuja",
                            "members.16": "rhowe-gds",
                            "members.17": "matthewcullum-gds",
                            "members.18": "szd55gds",
                            "members.2": "philandstuff",
                            "members.3": "chrisholmes",
                            "members.4": "thomasalanlee",
                            "members.5": "mmhmm",
                            "members.6": "tlwr",
                            "members.7": "vixus0",
                            "members.8": "sakisv",
                            "members.9": "stephengrier",
                            "name": "verify-tech-team-infrastructure",
                            "permission": "pull",
                            "privacy": "closed",
                            "slug": "verify-tech-team-infrastructure"
                        },
                        "meta": {},
                        "tainted": false
                    },
                    "deposed": [],
                    "provider": "provider.github"
                },
                "github_branch_protection.repo_protect_master": {
                    "type": "github_branch_protection",
                    "depends_on": [
                        "github_repository.repo"
                    ],
                    "primary": {
                        "id": "verify-event-infrastructure:master",
                        "attributes": {
                            "branch": "master",
                            "enforce_admins": "false",
                            "etag": "W/\"17759f00dcec032346c33735db4d7ab7\"",
                            "id": "verify-event-infrastructure:master",
                            "repository": "verify-event-infrastructure",
                            "required_pull_request_reviews.#": "1",
                            "required_pull_request_reviews.0.dismiss_stale_reviews": "true",
                            "required_pull_request_reviews.0.dismissal_teams.#": "0",
                            "required_pull_request_reviews.0.dismissal_users.#": "0",
                            "required_pull_request_reviews.0.include_admins": "false",
                            "required_pull_request_reviews.0.require_code_owner_reviews": "false",
                            "required_status_checks.#": "0",
                            "restrictions.#": "0"
                        },
                        "meta": {},
                        "tainted": false
                    },
                    "deposed": [],
                    "provider": "provider.github"
                },
                "github_repository.repo": {
                    "type": "github_repository",
                    "depends_on": [],
                    "primary": {
                        "id": "verify-event-infrastructure",
                        "attributes": {
                            "allow_merge_commit": "true",
                            "allow_rebase_merge": "false",
                            "allow_squash_merge": "false",
                            "archived": "false",
                            "auto_init": "true",
                            "default_branch": "master",
                            "description": "Infrastructure used to process Audit \u0026 Billing events for Verify",
                            "etag": "W/\"efa75507d2b5fc30fdd97ae4b88b7355\"",
                            "full_name": "alphagov/verify-event-infrastructure",
                            "git_clone_url": "git://github.com/alphagov/verify-event-infrastructure.git",
                            "has_downloads": "false",
                            "has_issues": "true",
                            "has_wiki": "true",
                            "homepage_url": "",
                            "html_url": "https://github.com/alphagov/verify-event-infrastructure",
                            "http_clone_url": "https://github.com/alphagov/verify-event-infrastructure.git",
                            "id": "verify-event-infrastructure",
                            "name": "verify-event-infrastructure",
                            "private": "true",
                            "ssh_clone_url": "git@github.com:alphagov/verify-event-infrastructure.git",
                            "svn_url": "https://github.com/alphagov/verify-event-infrastructure",
                            "topics.#": "6",
                            "topics.1617721690": "lambda",
                            "topics.2357015465": "verify",
                            "topics.2480389212": "infrastructure",
                            "topics.3101954328": "sqs",
                            "topics.448075750": "rds",
                            "topics.535570215": "terraform"
                        },
                        "meta": {},
                        "tainted": false
                    },
                    "deposed": [],
                    "provider": "provider.github"
                },
                "github_team_repository.repo_team_push.0": {
                    "type": "github_team_repository",
                    "depends_on": [
                        "data.github_team.push_teams.*",
                        "github_repository.repo"
                    ],
                    "primary": {
                        "id": "2826122:verify-event-infrastructure",
                        "attributes": {
                            "etag": "W/\"a1b83ad66f9936af6dc8dbd509b72e1f\"",
                            "id": "2826122:verify-event-infrastructure",
                            "permission": "push",
                            "repository": "verify-event-infrastructure",
                            "team_id": "2826122"
                        },
                        "meta": {},
                        "tainted": false
                    },
                    "deposed": [],
                    "provider": "provider.github"
                },
                "github_team_repository.repo_team_push.1": {
                    "type": "github_team_repository",
                    "depends_on": [
                        "data.github_team.push_teams.*",
                        "github_repository.repo"
                    ],
                    "primary": {
                        "id": "2826127:verify-event-infrastructure",
                        "attributes": {
                            "etag": "W/\"a1b83ad66f9936af6dc8dbd509b72e1f\"",
                            "id": "2826127:verify-event-infrastructure",
                            "permission": "push",
                            "repository": "verify-event-infrastructure",
                            "team_id": "2826127"
                        },
                        "meta": {},
                        "tainted": false
                    },
                    "deposed": [],
                    "provider": "provider.github"
                }
            },
            "depends_on": []
        },
        {
            "path": [
                "root",
                "repo_verify_event_recorder_service"
            ],
            "outputs": {},
            "resources": {
                "data.github_team.push_teams": {
                    "type": "github_team",
                    "depends_on": [],
                    "primary": {
                        "id": "2826122",
                        "attributes": {
                            "description": "Verify tech team: verify-tech-team-core",
                            "id": "2826122",
                            "members.#": "30",
                            "members.0": "idrop",
                            "members.1": "46bit",
                            "members.10": "zilnhoj",
                            "members.11": "vixus0",
                            "members.12": "robinmitra",
                            "members.13": "brenetic",
                            "members.14": "nacnudus",
                            "members.15": "CharlesIC",
                            "members.16": "jkunle",
                            "members.17": "sakisv",
                            "members.18": "mikieet",
                            "members.19": "Rosa-Fox",
                            "members.2": "galund",
                            "members.20": "AnneCarr",
                            "members.21": "ida-build-bot",
                            "members.22": "chrisclayson",
                            "members.23": "blairboy362",
                            "members.24": "Wynndow",
                            "members.25": "andy-paine",
                            "members.26": "tomrosier",
                            "members.27": "bjgill",
                            "members.28": "RacingHippo",
                            "members.29": "bravegrape",
                            "members.3": "issyl0",
                            "members.4": "phantas",
                            "members.5": "philandstuff",
                            "members.6": "chrisholmes",
                            "members.7": "thomasalanlee",
                            "members.8": "tlwr",
                            "members.9": "kerrr",
                            "name": "verify-tech-team-core",
                            "permission": "pull",
                            "privacy": "closed",
                            "slug": "verify-tech-team-core"
                        },
                        "meta": {},
                        "tainted": false
                    },
                    "deposed": [],
                    "provider": "provider.github"
                },
                "github_branch_protection.repo_protect_master": {
                    "type": "github_branch_protection",
                    "depends_on": [
                        "github_repository.repo"
                    ],
                    "primary": {
                        "id": "verify-event-recorder-service:master",
                        "attributes": {
                            "branch": "master",
                            "enforce_admins": "false",
                            "etag": "W/\"cb284aef9391f5f62b52386d64b8914b\"",
                            "id": "verify-event-recorder-service:master",
                            "repository": "verify-event-recorder-service",
                            "required_pull_request_reviews.#": "1",
                            "required_pull_request_reviews.0.dismiss_stale_reviews": "true",
                            "required_pull_request_reviews.0.dismissal_teams.#": "0",
                            "required_pull_request_reviews.0.dismissal_users.#": "0",
                            "required_pull_request_reviews.0.include_admins": "false",
                            "required_pull_request_reviews.0.require_code_owner_reviews": "false",
                            "required_status_checks.#": "0",
                            "restrictions.#": "0"
                        },
                        "meta": {},
                        "tainted": false
                    },
                    "deposed": [],
                    "provider": "provider.github"
                },
                "github_repository.repo": {
                    "type": "github_repository",
                    "depends_on": [],
                    "primary": {
                        "id": "verify-event-recorder-service",
                        "attributes": {
                            "allow_merge_commit": "true",
                            "allow_rebase_merge": "false",
                            "allow_squash_merge": "false",
                            "archived": "false",
                            "auto_init": "true",
                            "default_branch": "master",
                            "description": "This service is part of Verify's event recording system; its purpose is to read events from a queue and write them to a permanent datastore.",
                            "etag": "W/\"6054fb579ddfa9e560452a09dff23a6a\"",
                            "full_name": "alphagov/verify-event-recorder-service",
                            "git_clone_url": "git://github.com/alphagov/verify-event-recorder-service.git",
                            "has_downloads": "false",
                            "has_issues": "true",
                            "has_wiki": "true",
                            "homepage_url": "",
                            "html_url": "https://github.com/alphagov/verify-event-recorder-service",
                            "http_clone_url": "https://github.com/alphagov/verify-event-recorder-service.git",
                            "id": "verify-event-recorder-service",
                            "name": "verify-event-recorder-service",
                            "private": "false",
                            "ssh_clone_url": "git@github.com:alphagov/verify-event-recorder-service.git",
                            "svn_url": "https://github.com/alphagov/verify-event-recorder-service",
                            "topics.#": "1",
                            "topics.2357015465": "verify"
                        },
                        "meta": {},
                        "tainted": false
                    },
                    "deposed": [],
                    "provider": "provider.github"
                },
                "github_team_repository.repo_team_push": {
                    "type": "github_team_repository",
                    "depends_on": [
                        "data.github_team.teams.*",
                        "github_repository.repo"
                    ],
                    "primary": {
                        "id": "2826122:verify-event-recorder-service",
                        "attributes": {
                            "etag": "W/\"6bfdd61d701868f9bedb9043c969b9dc\"",
                            "id": "2826122:verify-event-recorder-service",
                            "permission": "push",
                            "repository": "verify-event-recorder-service",
                            "team_id": "2826122"
                        },
                        "meta": {},
                        "tainted": false
                    },
                    "deposed": [],
                    "provider": "provider.github"
                }
            },
            "depends_on": []
        },
        {
            "path": [
                "root",
                "repo_verify_fabric"
            ],
            "outputs": {},
            "resources": {
                "data.github_team.push_teams.0": {
                    "type": "github_team",
                    "depends_on": [],
                    "primary": {
                        "id": "2826122",
                        "attributes": {
                            "description": "Verify tech team: verify-tech-team-core",
                            "id": "2826122",
                            "members.#": "30",
                            "members.0": "idrop",
                            "members.1": "46bit",
                            "members.10": "zilnhoj",
                            "members.11": "vixus0",
                            "members.12": "robinmitra",
                            "members.13": "brenetic",
                            "members.14": "nacnudus",
                            "members.15": "CharlesIC",
                            "members.16": "jkunle",
                            "members.17": "sakisv",
                            "members.18": "mikieet",
                            "members.19": "Rosa-Fox",
                            "members.2": "galund",
                            "members.20": "AnneCarr",
                            "members.21": "ida-build-bot",
                            "members.22": "chrisclayson",
                            "members.23": "blairboy362",
                            "members.24": "Wynndow",
                            "members.25": "andy-paine",
                            "members.26": "tomrosier",
                            "members.27": "bjgill",
                            "members.28": "RacingHippo",
                            "members.29": "bravegrape",
                            "members.3": "issyl0",
                            "members.4": "phantas",
                            "members.5": "philandstuff",
                            "members.6": "chrisholmes",
                            "members.7": "thomasalanlee",
                            "members.8": "tlwr",
                            "members.9": "kerrr",
                            "name": "verify-tech-team-core",
                            "permission": "pull",
                            "privacy": "closed",
                            "slug": "verify-tech-team-core"
                        },
                        "meta": {},
                        "tainted": false
                    },
                    "deposed": [],
                    "provider": "provider.github"
                },
                "data.github_team.push_teams.1": {
                    "type": "github_team",
                    "depends_on": [],
                    "primary": {
                        "id": "2826127",
                        "attributes": {
                            "description": "Verify tech team: verify-tech-team-infrastructure",
                            "id": "2826127",
                            "members.#": "19",
                            "members.0": "46bit",
                            "members.1": "issyl0",
                            "members.10": "ronocg",
                            "members.11": "smford",
                            "members.12": "blairboy362",
                            "members.13": "andy-paine",
                            "members.14": "jstandring-gds",
                            "members.15": "adityapahuja",
                            "members.16": "rhowe-gds",
                            "members.17": "matthewcullum-gds",
                            "members.18": "szd55gds",
                            "members.2": "philandstuff",
                            "members.3": "chrisholmes",
                            "members.4": "thomasalanlee",
                            "members.5": "mmhmm",
                            "members.6": "tlwr",
                            "members.7": "vixus0",
                            "members.8": "sakisv",
                            "members.9": "stephengrier",
                            "name": "verify-tech-team-infrastructure",
                            "permission": "pull",
                            "privacy": "closed",
                            "slug": "verify-tech-team-infrastructure"
                        },
                        "meta": {},
                        "tainted": false
                    },
                    "deposed": [],
                    "provider": "provider.github"
                },
                "github_branch_protection.repo_protect_master": {
                    "type": "github_branch_protection",
                    "depends_on": [],
                    "primary": {
                        "id": "verify-fabric:master",
                        "attributes": {
                            "branch": "master",
                            "enforce_admins": "false",
                            "etag": "W/\"633004cff483e180b872824224c9df01\"",
                            "id": "verify-fabric:master",
                            "repository": "verify-fabric",
                            "required_pull_request_reviews.#": "1",
                            "required_pull_request_reviews.0.dismiss_stale_reviews": "true",
                            "required_pull_request_reviews.0.dismissal_teams.#": "0",
                            "required_pull_request_reviews.0.dismissal_users.#": "0",
                            "required_pull_request_reviews.0.include_admins": "false",
                            "required_pull_request_reviews.0.require_code_owner_reviews": "false",
                            "required_status_checks.#": "0",
                            "restrictions.#": "0"
                        },
                        "meta": {},
                        "tainted": false
                    },
                    "deposed": [],
                    "provider": "provider.github"
                },
                "github_repository.repo": {
                    "type": "github_repository",
                    "depends_on": [],
                    "primary": {
                        "id": "verify-fabric",
                        "attributes": {
                            "allow_merge_commit": "true",
                            "allow_rebase_merge": "false",
                            "allow_squash_merge": "false",
                            "archived": "false",
                            "auto_init": "true",
                            "default_branch": "master",
                            "description": " Fabric for Verify ",
                            "etag": "W/\"d7c2727131d34958f5477d90fa0d86dc\"",
                            "full_name": "alphagov/verify-fabric",
                            "git_clone_url": "git://github.com/alphagov/verify-fabric.git",
                            "has_downloads": "false",
                            "has_issues": "true",
                            "has_wiki": "true",
                            "homepage_url": "",
                            "html_url": "https://github.com/alphagov/verify-fabric",
                            "http_clone_url": "https://github.com/alphagov/verify-fabric.git",
                            "id": "verify-fabric",
                            "name": "verify-fabric",
                            "private": "true",
                            "ssh_clone_url": "git@github.com:alphagov/verify-fabric.git",
                            "svn_url": "https://github.com/alphagov/verify-fabric",
                            "topics.#": "1",
                            "topics.2357015465": "verify"
                        },
                        "meta": {},
                        "tainted": false
                    },
                    "deposed": [],
                    "provider": "provider.github"
                },
                "github_team_repository.repo_team_push.0": {
                    "type": "github_team_repository",
                    "depends_on": [
                        "data.github_team.push_teams.*",
                        "github_repository.repo"
                    ],
                    "primary": {
                        "id": "2826122:verify-fabric",
                        "attributes": {
                            "etag": "W/\"aed7cc428c9c28ded5d2d41db52b43e8\"",
                            "id": "2826122:verify-fabric",
                            "permission": "push",
                            "repository": "verify-fabric",
                            "team_id": "2826122"
                        },
                        "meta": {},
                        "tainted": false
                    },
                    "deposed": [],
                    "provider": "provider.github"
                },
                "github_team_repository.repo_team_push.1": {
                    "type": "github_team_repository",
                    "depends_on": [
                        "data.github_team.push_teams.*",
                        "github_repository.repo"
                    ],
                    "primary": {
                        "id": "2826127:verify-fabric",
                        "attributes": {
                            "etag": "W/\"aed7cc428c9c28ded5d2d41db52b43e8\"",
                            "id": "2826127:verify-fabric",
                            "permission": "push",
                            "repository": "verify-fabric",
                            "team_id": "2826127"
                        },
                        "meta": {},
                        "tainted": false
                    },
                    "deposed": [],
                    "provider": "provider.github"
                }
            },
            "depends_on": []
        },
        {
            "path": [
                "root",
                "repo_verify_frontend"
            ],
            "outputs": {},
            "resources": {
                "data.github_team.push_teams": {
                    "type": "github_team",
                    "depends_on": [],
                    "primary": {
                        "id": "2826122",
                        "attributes": {
                            "description": "Verify tech team: verify-tech-team-core",
                            "id": "2826122",
                            "members.#": "30",
                            "members.0": "idrop",
                            "members.1": "46bit",
                            "members.10": "zilnhoj",
                            "members.11": "vixus0",
                            "members.12": "robinmitra",
                            "members.13": "brenetic",
                            "members.14": "nacnudus",
                            "members.15": "CharlesIC",
                            "members.16": "jkunle",
                            "members.17": "sakisv",
                            "members.18": "mikieet",
                            "members.19": "Rosa-Fox",
                            "members.2": "galund",
                            "members.20": "AnneCarr",
                            "members.21": "ida-build-bot",
                            "members.22": "chrisclayson",
                            "members.23": "blairboy362",
                            "members.24": "Wynndow",
                            "members.25": "andy-paine",
                            "members.26": "tomrosier",
                            "members.27": "bjgill",
                            "members.28": "RacingHippo",
                            "members.29": "bravegrape",
                            "members.3": "issyl0",
                            "members.4": "phantas",
                            "members.5": "philandstuff",
                            "members.6": "chrisholmes",
                            "members.7": "thomasalanlee",
                            "members.8": "tlwr",
                            "members.9": "kerrr",
                            "name": "verify-tech-team-core",
                            "permission": "pull",
                            "privacy": "closed",
                            "slug": "verify-tech-team-core"
                        },
                        "meta": {},
                        "tainted": false
                    },
                    "deposed": [],
                    "provider": "provider.github"
                },
                "github_branch_protection.repo_protect_master": {
                    "type": "github_branch_protection",
                    "depends_on": [],
                    "primary": {
                        "id": "verify-frontend:master",
                        "attributes": {
                            "branch": "master",
                            "enforce_admins": "false",
                            "etag": "W/\"b3ff87c9bf557318ba2a4947efb492d9\"",
                            "id": "verify-frontend:master",
                            "repository": "verify-frontend",
                            "required_pull_request_reviews.#": "1",
                            "required_pull_request_reviews.0.dismiss_stale_reviews": "true",
                            "required_pull_request_reviews.0.dismissal_teams.#": "0",
                            "required_pull_request_reviews.0.dismissal_users.#": "0",
                            "required_pull_request_reviews.0.include_admins": "false",
                            "required_pull_request_reviews.0.require_code_owner_reviews": "false",
                            "required_status_checks.#": "0",
                            "restrictions.#": "0"
                        },
                        "meta": {},
                        "tainted": false
                    },
                    "deposed": [],
                    "provider": "provider.github"
                },
                "github_repository.repo": {
                    "type": "github_repository",
                    "depends_on": [],
                    "primary": {
                        "id": "verify-frontend",
                        "attributes": {
                            "allow_merge_commit": "true",
                            "allow_rebase_merge": "false",
                            "allow_squash_merge": "false",
                            "archived": "false",
                            "auto_init": "true",
                            "default_branch": "master",
                            "description": "The frontend service for GOV.UK Verify",
                            "etag": "W/\"ba389a672e7d228974c61c877eee3cab\"",
                            "full_name": "alphagov/verify-frontend",
                            "git_clone_url": "git://github.com/alphagov/verify-frontend.git",
                            "has_downloads": "false",
                            "has_issues": "true",
                            "has_wiki": "true",
                            "homepage_url": "",
                            "html_url": "https://github.com/alphagov/verify-frontend",
                            "http_clone_url": "https://github.com/alphagov/verify-frontend.git",
                            "id": "verify-frontend",
                            "name": "verify-frontend",
                            "private": "false",
                            "ssh_clone_url": "git@github.com:alphagov/verify-frontend.git",
                            "svn_url": "https://github.com/alphagov/verify-frontend",
                            "topics.#": "2",
                            "topics.2357015465": "verify",
                            "topics.2591869144": "frontend"
                        },
                        "meta": {},
                        "tainted": false
                    },
                    "deposed": [],
                    "provider": "provider.github"
                },
                "github_team_repository.repo_team_push": {
                    "type": "github_team_repository",
                    "depends_on": [
                        "data.github_team.push_teams.*",
                        "github_repository.repo"
                    ],
                    "primary": {
                        "id": "2826122:verify-frontend",
                        "attributes": {
                            "etag": "W/\"2c20e3817a930de5c4828fc82793dd6e\"",
                            "id": "2826122:verify-frontend",
                            "permission": "push",
                            "repository": "verify-frontend",
                            "team_id": "2826122"
                        },
                        "meta": {},
                        "tainted": false
                    },
                    "deposed": [],
                    "provider": "provider.github"
                }
            },
            "depends_on": []
        },
        {
            "path": [
                "root",
                "repo_verify_frontend_federation_config"
            ],
            "outputs": {},
            "resources": {
                "data.github_team.push_teams": {
                    "type": "github_team",
                    "depends_on": [],
                    "primary": {
                        "id": "2826122",
                        "attributes": {
                            "description": "Verify tech team: verify-tech-team-core",
                            "id": "2826122",
                            "members.#": "30",
                            "members.0": "idrop",
                            "members.1": "46bit",
                            "members.10": "zilnhoj",
                            "members.11": "vixus0",
                            "members.12": "robinmitra",
                            "members.13": "brenetic",
                            "members.14": "nacnudus",
                            "members.15": "CharlesIC",
                            "members.16": "jkunle",
                            "members.17": "sakisv",
                            "members.18": "mikieet",
                            "members.19": "Rosa-Fox",
                            "members.2": "galund",
                            "members.20": "AnneCarr",
                            "members.21": "ida-build-bot",
                            "members.22": "chrisclayson",
                            "members.23": "blairboy362",
                            "members.24": "Wynndow",
                            "members.25": "andy-paine",
                            "members.26": "tomrosier",
                            "members.27": "bjgill",
                            "members.28": "RacingHippo",
                            "members.29": "bravegrape",
                            "members.3": "issyl0",
                            "members.4": "phantas",
                            "members.5": "philandstuff",
                            "members.6": "chrisholmes",
                            "members.7": "thomasalanlee",
                            "members.8": "tlwr",
                            "members.9": "kerrr",
                            "name": "verify-tech-team-core",
                            "permission": "pull",
                            "privacy": "closed",
                            "slug": "verify-tech-team-core"
                        },
                        "meta": {},
                        "tainted": false
                    },
                    "deposed": [],
                    "provider": "provider.github"
                },
                "github_branch_protection.repo_protect_master": {
                    "type": "github_branch_protection",
                    "depends_on": [],
                    "primary": {
                        "id": "verify-frontend-federation-config:master",
                        "attributes": {
                            "branch": "master",
                            "enforce_admins": "false",
                            "etag": "W/\"7433c24f39f3f287378d1fe0080ab019\"",
                            "id": "verify-frontend-federation-config:master",
                            "repository": "verify-frontend-federation-config",
                            "required_pull_request_reviews.#": "1",
                            "required_pull_request_reviews.0.dismiss_stale_reviews": "true",
                            "required_pull_request_reviews.0.dismissal_teams.#": "0",
                            "required_pull_request_reviews.0.dismissal_users.#": "0",
                            "required_pull_request_reviews.0.include_admins": "false",
                            "required_pull_request_reviews.0.require_code_owner_reviews": "false",
                            "required_status_checks.#": "0",
                            "restrictions.#": "0"
                        },
                        "meta": {},
                        "tainted": false
                    },
                    "deposed": [],
                    "provider": "provider.github"
                },
                "github_repository.repo": {
                    "type": "github_repository",
                    "depends_on": [],
                    "primary": {
                        "id": "verify-frontend-federation-config",
                        "attributes": {
                            "allow_merge_commit": "true",
                            "allow_rebase_merge": "false",
                            "allow_squash_merge": "false",
                            "archived": "false",
                            "auto_init": "true",
                            "default_branch": "master",
                            "description": "Federation configuration for the Verify frontend",
                            "etag": "W/\"986e224e8d6e4eca814b62e3e1f04471\"",
                            "full_name": "alphagov/verify-frontend-federation-config",
                            "git_clone_url": "git://github.com/alphagov/verify-frontend-federation-config.git",
                            "has_downloads": "false",
                            "has_issues": "true",
                            "has_wiki": "true",
                            "homepage_url": "",
                            "html_url": "https://github.com/alphagov/verify-frontend-federation-config",
                            "http_clone_url": "https://github.com/alphagov/verify-frontend-federation-config.git",
                            "id": "verify-frontend-federation-config",
                            "name": "verify-frontend-federation-config",
                            "private": "true",
                            "ssh_clone_url": "git@github.com:alphagov/verify-frontend-federation-config.git",
                            "svn_url": "https://github.com/alphagov/verify-frontend-federation-config",
                            "topics.#": "1",
                            "topics.2357015465": "verify"
                        },
                        "meta": {},
                        "tainted": false
                    },
                    "deposed": [],
                    "provider": "provider.github"
                },
                "github_team_repository.repo_team_push": {
                    "type": "github_team_repository",
                    "depends_on": [
                        "data.github_team.push_teams.*",
                        "github_repository.repo"
                    ],
                    "primary": {
                        "id": "2826122:verify-frontend-federation-config",
                        "attributes": {
                            "etag": "W/\"380d83e2ee4c766168fe5a466b9a143e\"",
                            "id": "2826122:verify-frontend-federation-config",
                            "permission": "push",
                            "repository": "verify-frontend-federation-config",
                            "team_id": "2826122"
                        },
                        "meta": {},
                        "tainted": false
                    },
                    "deposed": [],
                    "provider": "provider.github"
                }
            },
            "depends_on": []
        },
        {
            "path": [
                "root",
                "repo_verify_german_eidas_middleware"
            ],
            "outputs": {},
            "resources": {
                "data.github_team.push_teams": {
                    "type": "github_team",
                    "depends_on": [],
                    "primary": {
                        "id": "2826126",
                        "attributes": {
                            "description": "Verify tech team: verify-tech-team-eidas",
                            "id": "2826126",
                            "members.#": "13",
                            "members.0": "idrop",
                            "members.1": "chrisholmes",
                            "members.10": "JHjava",
                            "members.11": "dbes-gds",
                            "members.12": "ida-codacy-bot",
                            "members.2": "thomasalanlee",
                            "members.3": "vixus0",
                            "members.4": "CharlesIC",
                            "members.5": "ida-build-bot",
                            "members.6": "blairboy362",
                            "members.7": "Wynndow",
                            "members.8": "tomrosier",
                            "members.9": "benjamin-mortimer",
                            "name": "verify-tech-team-eidas",
                            "permission": "pull",
                            "privacy": "closed",
                            "slug": "verify-tech-team-eidas"
                        },
                        "meta": {},
                        "tainted": false
                    },
                    "deposed": [],
                    "provider": "provider.github"
                },
                "github_branch_protection.repo_protect_master": {
                    "type": "github_branch_protection",
                    "depends_on": [],
                    "primary": {
                        "id": "verify-german-eidas-middleware:master",
                        "attributes": {
                            "branch": "master",
                            "enforce_admins": "false",
                            "etag": "W/\"981efea07f3dc6602aef28a5ff13afef\"",
                            "id": "verify-german-eidas-middleware:master",
                            "repository": "verify-german-eidas-middleware",
                            "required_pull_request_reviews.#": "1",
                            "required_pull_request_reviews.0.dismiss_stale_reviews": "true",
                            "required_pull_request_reviews.0.dismissal_teams.#": "0",
                            "required_pull_request_reviews.0.dismissal_users.#": "0",
                            "required_pull_request_reviews.0.include_admins": "false",
                            "required_pull_request_reviews.0.require_code_owner_reviews": "false",
                            "required_status_checks.#": "0",
                            "restrictions.#": "0"
                        },
                        "meta": {},
                        "tainted": false
                    },
                    "deposed": [],
                    "provider": "provider.github"
                },
                "github_repository.repo": {
                    "type": "github_repository",
                    "depends_on": [],
                    "primary": {
                        "id": "verify-german-eidas-middleware",
                        "attributes": {
                            "allow_merge_commit": "true",
                            "allow_rebase_merge": "false",
                            "allow_squash_merge": "false",
                            "archived": "false",
                            "auto_init": "true",
                            "default_branch": "master",
                            "description": "",
                            "etag": "W/\"c383522e727367e311ba7e23f3e08e1f\"",
                            "full_name": "alphagov/verify-german-eidas-middleware",
                            "git_clone_url": "git://github.com/alphagov/verify-german-eidas-middleware.git",
                            "has_downloads": "false",
                            "has_issues": "true",
                            "has_wiki": "true",
                            "homepage_url": "",
                            "html_url": "https://github.com/alphagov/verify-german-eidas-middleware",
                            "http_clone_url": "https://github.com/alphagov/verify-german-eidas-middleware.git",
                            "id": "verify-german-eidas-middleware",
                            "name": "verify-german-eidas-middleware",
                            "private": "false",
                            "ssh_clone_url": "git@github.com:alphagov/verify-german-eidas-middleware.git",
                            "svn_url": "https://github.com/alphagov/verify-german-eidas-middleware",
                            "topics.#": "1",
                            "topics.2357015465": "verify"
                        },
                        "meta": {},
                        "tainted": false
                    },
                    "deposed": [],
                    "provider": "provider.github"
                },
                "github_team_repository.repo_team_push": {
                    "type": "github_team_repository",
                    "depends_on": [
                        "data.github_team.push_teams.*",
                        "github_repository.repo"
                    ],
                    "primary": {
                        "id": "2826126:verify-german-eidas-middleware",
                        "attributes": {
                            "etag": "W/\"d2d118c68e3d3f2df9e9ede14e4a7ec8\"",
                            "id": "2826126:verify-german-eidas-middleware",
                            "permission": "push",
                            "repository": "verify-german-eidas-middleware",
                            "team_id": "2826126"
                        },
                        "meta": {},
                        "tainted": false
                    },
                    "deposed": [],
                    "provider": "provider.github"
                }
            },
            "depends_on": []
        },
        {
            "path": [
                "root",
                "repo_verify_hub"
            ],
            "outputs": {},
            "resources": {
                "data.github_team.push_teams": {
                    "type": "github_team",
                    "depends_on": [],
                    "primary": {
                        "id": "2826122",
                        "attributes": {
                            "description": "Verify tech team: verify-tech-team-core",
                            "id": "2826122",
                            "members.#": "30",
                            "members.0": "idrop",
                            "members.1": "46bit",
                            "members.10": "zilnhoj",
                            "members.11": "vixus0",
                            "members.12": "robinmitra",
                            "members.13": "brenetic",
                            "members.14": "nacnudus",
                            "members.15": "CharlesIC",
                            "members.16": "jkunle",
                            "members.17": "sakisv",
                            "members.18": "mikieet",
                            "members.19": "Rosa-Fox",
                            "members.2": "galund",
                            "members.20": "AnneCarr",
                            "members.21": "ida-build-bot",
                            "members.22": "chrisclayson",
                            "members.23": "blairboy362",
                            "members.24": "Wynndow",
                            "members.25": "andy-paine",
                            "members.26": "tomrosier",
                            "members.27": "bjgill",
                            "members.28": "RacingHippo",
                            "members.29": "bravegrape",
                            "members.3": "issyl0",
                            "members.4": "phantas",
                            "members.5": "philandstuff",
                            "members.6": "chrisholmes",
                            "members.7": "thomasalanlee",
                            "members.8": "tlwr",
                            "members.9": "kerrr",
                            "name": "verify-tech-team-core",
                            "permission": "pull",
                            "privacy": "closed",
                            "slug": "verify-tech-team-core"
                        },
                        "meta": {},
                        "tainted": false
                    },
                    "deposed": [],
                    "provider": "provider.github"
                },
                "github_branch_protection.repo_protect_master": {
                    "type": "github_branch_protection",
                    "depends_on": [],
                    "primary": {
                        "id": "verify-hub:master",
                        "attributes": {
                            "branch": "master",
                            "enforce_admins": "false",
                            "etag": "W/\"3338a1b185984ba650d626829ae35082\"",
                            "id": "verify-hub:master",
                            "repository": "verify-hub",
                            "required_pull_request_reviews.#": "1",
                            "required_pull_request_reviews.0.dismiss_stale_reviews": "true",
                            "required_pull_request_reviews.0.dismissal_teams.#": "0",
                            "required_pull_request_reviews.0.dismissal_users.#": "0",
                            "required_pull_request_reviews.0.include_admins": "false",
                            "required_pull_request_reviews.0.require_code_owner_reviews": "false",
                            "required_status_checks.#": "0",
                            "restrictions.#": "0"
                        },
                        "meta": {},
                        "tainted": false
                    },
                    "deposed": [],
                    "provider": "provider.github"
                },
                "github_repository.repo": {
                    "type": "github_repository",
                    "depends_on": [],
                    "primary": {
                        "id": "verify-hub",
                        "attributes": {
                            "allow_merge_commit": "true",
                            "allow_rebase_merge": "false",
                            "allow_squash_merge": "false",
                            "archived": "false",
                            "auto_init": "true",
                            "default_branch": "master",
                            "description": "Verify Hub Microservices",
                            "etag": "W/\"ae47a8957aa579a8d54073aed20197d4\"",
                            "full_name": "alphagov/verify-hub",
                            "git_clone_url": "git://github.com/alphagov/verify-hub.git",
                            "has_downloads": "false",
                            "has_issues": "true",
                            "has_wiki": "true",
                            "homepage_url": "",
                            "html_url": "https://github.com/alphagov/verify-hub",
                            "http_clone_url": "https://github.com/alphagov/verify-hub.git",
                            "id": "verify-hub",
                            "name": "verify-hub",
                            "private": "false",
                            "ssh_clone_url": "git@github.com:alphagov/verify-hub.git",
                            "svn_url": "https://github.com/alphagov/verify-hub",
                            "topics.#": "1",
                            "topics.2357015465": "verify"
                        },
                        "meta": {},
                        "tainted": false
                    },
                    "deposed": [],
                    "provider": "provider.github"
                },
                "github_team_repository.repo_team_push": {
                    "type": "github_team_repository",
                    "depends_on": [
                        "data.github_team.teams.*",
                        "github_repository.repo"
                    ],
                    "primary": {
                        "id": "2826122:verify-hub",
                        "attributes": {
                            "etag": "W/\"05765817e5a97cae3d82d2bfcd13ea65\"",
                            "id": "2826122:verify-hub",
                            "permission": "push",
                            "repository": "verify-hub",
                            "team_id": "2826122"
                        },
                        "meta": {},
                        "tainted": false
                    },
                    "deposed": [],
                    "provider": "provider.github"
                }
            },
            "depends_on": []
        },
        {
            "path": [
                "root",
                "repo_verify_hub_federation_config"
            ],
            "outputs": {},
            "resources": {
                "data.github_team.push_teams": {
                    "type": "github_team",
                    "depends_on": [],
                    "primary": {
                        "id": "2826122",
                        "attributes": {
                            "description": "Verify tech team: verify-tech-team-core",
                            "id": "2826122",
                            "members.#": "30",
                            "members.0": "idrop",
                            "members.1": "46bit",
                            "members.10": "zilnhoj",
                            "members.11": "vixus0",
                            "members.12": "robinmitra",
                            "members.13": "brenetic",
                            "members.14": "nacnudus",
                            "members.15": "CharlesIC",
                            "members.16": "jkunle",
                            "members.17": "sakisv",
                            "members.18": "mikieet",
                            "members.19": "Rosa-Fox",
                            "members.2": "galund",
                            "members.20": "AnneCarr",
                            "members.21": "ida-build-bot",
                            "members.22": "chrisclayson",
                            "members.23": "blairboy362",
                            "members.24": "Wynndow",
                            "members.25": "andy-paine",
                            "members.26": "tomrosier",
                            "members.27": "bjgill",
                            "members.28": "RacingHippo",
                            "members.29": "bravegrape",
                            "members.3": "issyl0",
                            "members.4": "phantas",
                            "members.5": "philandstuff",
                            "members.6": "chrisholmes",
                            "members.7": "thomasalanlee",
                            "members.8": "tlwr",
                            "members.9": "kerrr",
                            "name": "verify-tech-team-core",
                            "permission": "pull",
                            "privacy": "closed",
                            "slug": "verify-tech-team-core"
                        },
                        "meta": {},
                        "tainted": false
                    },
                    "deposed": [],
                    "provider": "provider.github"
                },
                "github_branch_protection.repo_protect_master": {
                    "type": "github_branch_protection",
                    "depends_on": [],
                    "primary": {
                        "id": "verify-hub-federation-config:master",
                        "attributes": {
                            "branch": "master",
                            "enforce_admins": "false",
                            "etag": "W/\"b28e6ac7fb31eac41f03729e912999f9\"",
                            "id": "verify-hub-federation-config:master",
                            "repository": "verify-hub-federation-config",
                            "required_pull_request_reviews.#": "1",
                            "required_pull_request_reviews.0.dismiss_stale_reviews": "true",
                            "required_pull_request_reviews.0.dismissal_teams.#": "0",
                            "required_pull_request_reviews.0.dismissal_users.#": "0",
                            "required_pull_request_reviews.0.include_admins": "false",
                            "required_pull_request_reviews.0.require_code_owner_reviews": "false",
                            "required_status_checks.#": "0",
                            "restrictions.#": "0"
                        },
                        "meta": {},
                        "tainted": false
                    },
                    "deposed": [],
                    "provider": "provider.github"
                },
                "github_repository.repo": {
                    "type": "github_repository",
                    "depends_on": [],
                    "primary": {
                        "id": "verify-hub-federation-config",
                        "attributes": {
                            "allow_merge_commit": "true",
                            "allow_rebase_merge": "false",
                            "allow_squash_merge": "false",
                            "archived": "false",
                            "auto_init": "true",
                            "default_branch": "master",
                            "description": "Verify Hub federation configuration",
                            "etag": "W/\"a1fcaf80177138456fa578f87ac639b7\"",
                            "full_name": "alphagov/verify-hub-federation-config",
                            "git_clone_url": "git://github.com/alphagov/verify-hub-federation-config.git",
                            "has_downloads": "false",
                            "has_issues": "true",
                            "has_wiki": "true",
                            "homepage_url": "",
                            "html_url": "https://github.com/alphagov/verify-hub-federation-config",
                            "http_clone_url": "https://github.com/alphagov/verify-hub-federation-config.git",
                            "id": "verify-hub-federation-config",
                            "name": "verify-hub-federation-config",
                            "private": "true",
                            "ssh_clone_url": "git@github.com:alphagov/verify-hub-federation-config.git",
                            "svn_url": "https://github.com/alphagov/verify-hub-federation-config",
                            "topics.#": "1",
                            "topics.2357015465": "verify"
                        },
                        "meta": {},
                        "tainted": false
                    },
                    "deposed": [],
                    "provider": "provider.github"
                },
                "github_team_repository.repo_team_push": {
                    "type": "github_team_repository",
                    "depends_on": [
                        "data.github_team.teams.*",
                        "github_repository.repo"
                    ],
                    "primary": {
                        "id": "2826122:verify-hub-federation-config",
                        "attributes": {
                            "etag": "W/\"7123e5c3870c4384adee13cd5a3f7924\"",
                            "id": "2826122:verify-hub-federation-config",
                            "permission": "push",
                            "repository": "verify-hub-federation-config",
                            "team_id": "2826122"
                        },
                        "meta": {},
                        "tainted": false
                    },
                    "deposed": [],
                    "provider": "provider.github"
                }
            },
            "depends_on": []
        },
        {
            "path": [
                "root",
                "repo_verify_idp_predictor"
            ],
            "outputs": {},
            "resources": {
                "data.github_team.push_teams": {
                    "type": "github_team",
                    "depends_on": [],
                    "primary": {
                        "id": "2826122",
                        "attributes": {
                            "description": "Verify tech team: verify-tech-team-core",
                            "id": "2826122",
                            "members.#": "30",
                            "members.0": "idrop",
                            "members.1": "46bit",
                            "members.10": "zilnhoj",
                            "members.11": "vixus0",
                            "members.12": "robinmitra",
                            "members.13": "brenetic",
                            "members.14": "nacnudus",
                            "members.15": "CharlesIC",
                            "members.16": "jkunle",
                            "members.17": "sakisv",
                            "members.18": "mikieet",
                            "members.19": "Rosa-Fox",
                            "members.2": "galund",
                            "members.20": "AnneCarr",
                            "members.21": "ida-build-bot",
                            "members.22": "chrisclayson",
                            "members.23": "blairboy362",
                            "members.24": "Wynndow",
                            "members.25": "andy-paine",
                            "members.26": "tomrosier",
                            "members.27": "bjgill",
                            "members.28": "RacingHippo",
                            "members.29": "bravegrape",
                            "members.3": "issyl0",
                            "members.4": "phantas",
                            "members.5": "philandstuff",
                            "members.6": "chrisholmes",
                            "members.7": "thomasalanlee",
                            "members.8": "tlwr",
                            "members.9": "kerrr",
                            "name": "verify-tech-team-core",
                            "permission": "pull",
                            "privacy": "closed",
                            "slug": "verify-tech-team-core"
                        },
                        "meta": {},
                        "tainted": false
                    },
                    "deposed": [],
                    "provider": "provider.github"
                },
                "github_branch_protection.repo_protect_master": {
                    "type": "github_branch_protection",
                    "depends_on": [
                        "github_repository.repo"
                    ],
                    "primary": {
                        "id": "verify-idp-predictor:master",
                        "attributes": {
                            "branch": "master",
                            "enforce_admins": "false",
                            "etag": "W/\"195a5aec6ec712cd65097e45078b6dec\"",
                            "id": "verify-idp-predictor:master",
                            "repository": "verify-idp-predictor",
                            "required_pull_request_reviews.#": "1",
                            "required_pull_request_reviews.0.dismiss_stale_reviews": "true",
                            "required_pull_request_reviews.0.dismissal_teams.#": "0",
                            "required_pull_request_reviews.0.dismissal_users.#": "0",
                            "required_pull_request_reviews.0.include_admins": "false",
                            "required_pull_request_reviews.0.require_code_owner_reviews": "false",
                            "required_status_checks.#": "0",
                            "restrictions.#": "0"
                        },
                        "meta": {},
                        "tainted": false
                    },
                    "deposed": [],
                    "provider": "provider.github"
                },
                "github_repository.repo": {
                    "type": "github_repository",
                    "depends_on": [],
                    "primary": {
                        "id": "verify-idp-predictor",
                        "attributes": {
                            "allow_merge_commit": "true",
                            "allow_rebase_merge": "false",
                            "allow_squash_merge": "false",
                            "archived": "false",
                            "default_branch": "master",
                            "description": "The IDP Predictor for GOV.UK Verify.",
                            "etag": "W/\"8ec8a540bfa71522a2ac9ec71fe7ef43\"",
                            "full_name": "alphagov/verify-idp-predictor",
                            "git_clone_url": "git://github.com/alphagov/verify-idp-predictor.git",
                            "has_downloads": "false",
                            "has_issues": "true",
                            "has_wiki": "true",
                            "homepage_url": "",
                            "html_url": "https://github.com/alphagov/verify-idp-predictor",
                            "http_clone_url": "https://github.com/alphagov/verify-idp-predictor.git",
                            "id": "verify-idp-predictor",
                            "name": "verify-idp-predictor",
                            "private": "true",
                            "ssh_clone_url": "git@github.com:alphagov/verify-idp-predictor.git",
                            "svn_url": "https://github.com/alphagov/verify-idp-predictor",
                            "topics.#": "0"
                        },
                        "meta": {},
                        "tainted": false
                    },
                    "deposed": [],
                    "provider": "provider.github"
                },
                "github_team_repository.repo_team_push": {
                    "type": "github_team_repository",
                    "depends_on": [
                        "data.github_team.push_teams.*",
                        "github_repository.repo"
                    ],
                    "primary": {
                        "id": "2826122:verify-idp-predictor",
                        "attributes": {
                            "etag": "W/\"ab3ff897360023632d79762c52eaa514\"",
                            "id": "2826122:verify-idp-predictor",
                            "permission": "push",
                            "repository": "verify-idp-predictor",
                            "team_id": "2826122"
                        },
                        "meta": {},
                        "tainted": false
                    },
                    "deposed": [],
                    "provider": "provider.github"
                }
            },
            "depends_on": []
        },
        {
            "path": [
                "root",
                "repo_verify_il3_laptop_bootstrap"
            ],
            "outputs": {},
            "resources": {
                "data.github_team.push_teams.0": {
                    "type": "github_team",
                    "depends_on": [],
                    "primary": {
                        "id": "2826122",
                        "attributes": {
                            "description": "Verify tech team: verify-tech-team-core",
                            "id": "2826122",
                            "members.#": "30",
                            "members.0": "idrop",
                            "members.1": "46bit",
                            "members.10": "zilnhoj",
                            "members.11": "vixus0",
                            "members.12": "robinmitra",
                            "members.13": "brenetic",
                            "members.14": "nacnudus",
                            "members.15": "CharlesIC",
                            "members.16": "jkunle",
                            "members.17": "sakisv",
                            "members.18": "mikieet",
                            "members.19": "Rosa-Fox",
                            "members.2": "galund",
                            "members.20": "AnneCarr",
                            "members.21": "ida-build-bot",
                            "members.22": "chrisclayson",
                            "members.23": "blairboy362",
                            "members.24": "Wynndow",
                            "members.25": "andy-paine",
                            "members.26": "tomrosier",
                            "members.27": "bjgill",
                            "members.28": "RacingHippo",
                            "members.29": "bravegrape",
                            "members.3": "issyl0",
                            "members.4": "phantas",
                            "members.5": "philandstuff",
                            "members.6": "chrisholmes",
                            "members.7": "thomasalanlee",
                            "members.8": "tlwr",
                            "members.9": "kerrr",
                            "name": "verify-tech-team-core",
                            "permission": "pull",
                            "privacy": "closed",
                            "slug": "verify-tech-team-core"
                        },
                        "meta": {},
                        "tainted": false
                    },
                    "deposed": [],
                    "provider": "provider.github"
                },
                "data.github_team.push_teams.1": {
                    "type": "github_team",
                    "depends_on": [],
                    "primary": {
                        "id": "2826127",
                        "attributes": {
                            "description": "Verify tech team: verify-tech-team-infrastructure",
                            "id": "2826127",
                            "members.#": "19",
                            "members.0": "46bit",
                            "members.1": "issyl0",
                            "members.10": "ronocg",
                            "members.11": "smford",
                            "members.12": "blairboy362",
                            "members.13": "andy-paine",
                            "members.14": "jstandring-gds",
                            "members.15": "adityapahuja",
                            "members.16": "rhowe-gds",
                            "members.17": "matthewcullum-gds",
                            "members.18": "szd55gds",
                            "members.2": "philandstuff",
                            "members.3": "chrisholmes",
                            "members.4": "thomasalanlee",
                            "members.5": "mmhmm",
                            "members.6": "tlwr",
                            "members.7": "vixus0",
                            "members.8": "sakisv",
                            "members.9": "stephengrier",
                            "name": "verify-tech-team-infrastructure",
                            "permission": "pull",
                            "privacy": "closed",
                            "slug": "verify-tech-team-infrastructure"
                        },
                        "meta": {},
                        "tainted": false
                    },
                    "deposed": [],
                    "provider": "provider.github"
                },
                "github_branch_protection.repo_protect_master": {
                    "type": "github_branch_protection",
                    "depends_on": [
                        "github_repository.repo"
                    ],
                    "primary": {
                        "id": "verify-il3-laptop-bootstrap:master",
                        "attributes": {
                            "branch": "master",
                            "enforce_admins": "false",
                            "etag": "W/\"61f9929754200cbe5cb1755117d180c8\"",
                            "id": "verify-il3-laptop-bootstrap:master",
                            "repository": "verify-il3-laptop-bootstrap",
                            "required_pull_request_reviews.#": "1",
                            "required_pull_request_reviews.0.dismiss_stale_reviews": "true",
                            "required_pull_request_reviews.0.dismissal_teams.#": "0",
                            "required_pull_request_reviews.0.dismissal_users.#": "0",
                            "required_pull_request_reviews.0.include_admins": "false",
                            "required_pull_request_reviews.0.require_code_owner_reviews": "false",
                            "required_status_checks.#": "0",
                            "restrictions.#": "0"
                        },
                        "meta": {},
                        "tainted": false
                    },
                    "deposed": [],
                    "provider": "provider.github"
                },
                "github_repository.repo": {
                    "type": "github_repository",
                    "depends_on": [],
                    "primary": {
                        "id": "verify-il3-laptop-bootstrap",
                        "attributes": {
                            "allow_merge_commit": "true",
                            "allow_rebase_merge": "false",
                            "allow_squash_merge": "false",
                            "archived": "false",
                            "auto_init": "true",
                            "default_branch": "master",
                            "description": "A simple set of shell scripts to set up a secure build laptop for Verify",
                            "etag": "W/\"5c571ef80e5f3afe00db7b1a8ac72370\"",
                            "full_name": "alphagov/verify-il3-laptop-bootstrap",
                            "git_clone_url": "git://github.com/alphagov/verify-il3-laptop-bootstrap.git",
                            "has_downloads": "false",
                            "has_issues": "true",
                            "has_wiki": "true",
                            "homepage_url": "",
                            "html_url": "https://github.com/alphagov/verify-il3-laptop-bootstrap",
                            "http_clone_url": "https://github.com/alphagov/verify-il3-laptop-bootstrap.git",
                            "id": "verify-il3-laptop-bootstrap",
                            "name": "verify-il3-laptop-bootstrap",
                            "private": "true",
                            "ssh_clone_url": "git@github.com:alphagov/verify-il3-laptop-bootstrap.git",
                            "svn_url": "https://github.com/alphagov/verify-il3-laptop-bootstrap",
                            "topics.#": "1",
                            "topics.2357015465": "verify"
                        },
                        "meta": {},
                        "tainted": false
                    },
                    "deposed": [],
                    "provider": "provider.github"
                },
                "github_team_repository.repo_team_push.0": {
                    "type": "github_team_repository",
                    "depends_on": [
                        "data.github_team.push_teams.*",
                        "github_repository.repo"
                    ],
                    "primary": {
                        "id": "2826122:verify-il3-laptop-bootstrap",
                        "attributes": {
                            "etag": "W/\"93753a5b57772f30239f830b0a1a13af\"",
                            "id": "2826122:verify-il3-laptop-bootstrap",
                            "permission": "push",
                            "repository": "verify-il3-laptop-bootstrap",
                            "team_id": "2826122"
                        },
                        "meta": {},
                        "tainted": false
                    },
                    "deposed": [],
                    "provider": "provider.github"
                },
                "github_team_repository.repo_team_push.1": {
                    "type": "github_team_repository",
                    "depends_on": [
                        "data.github_team.push_teams.*",
                        "github_repository.repo"
                    ],
                    "primary": {
                        "id": "2826127:verify-il3-laptop-bootstrap",
                        "attributes": {
                            "etag": "W/\"93753a5b57772f30239f830b0a1a13af\"",
                            "id": "2826127:verify-il3-laptop-bootstrap",
                            "permission": "push",
                            "repository": "verify-il3-laptop-bootstrap",
                            "team_id": "2826127"
                        },
                        "meta": {},
                        "tainted": false
                    },
                    "deposed": [],
                    "provider": "provider.github"
                }
            },
            "depends_on": []
        },
        {
            "path": [
                "root",
                "repo_verify_infrastructure"
            ],
            "outputs": {},
            "resources": {
                "data.github_team.push_teams.0": {
                    "type": "github_team",
                    "depends_on": [],
                    "primary": {
                        "id": "2826122",
                        "attributes": {
                            "description": "Verify tech team: verify-tech-team-core",
                            "id": "2826122",
                            "members.#": "30",
                            "members.0": "idrop",
                            "members.1": "46bit",
                            "members.10": "zilnhoj",
                            "members.11": "vixus0",
                            "members.12": "robinmitra",
                            "members.13": "brenetic",
                            "members.14": "nacnudus",
                            "members.15": "CharlesIC",
                            "members.16": "jkunle",
                            "members.17": "sakisv",
                            "members.18": "mikieet",
                            "members.19": "Rosa-Fox",
                            "members.2": "galund",
                            "members.20": "AnneCarr",
                            "members.21": "ida-build-bot",
                            "members.22": "chrisclayson",
                            "members.23": "blairboy362",
                            "members.24": "Wynndow",
                            "members.25": "andy-paine",
                            "members.26": "tomrosier",
                            "members.27": "bjgill",
                            "members.28": "RacingHippo",
                            "members.29": "bravegrape",
                            "members.3": "issyl0",
                            "members.4": "phantas",
                            "members.5": "philandstuff",
                            "members.6": "chrisholmes",
                            "members.7": "thomasalanlee",
                            "members.8": "tlwr",
                            "members.9": "kerrr",
                            "name": "verify-tech-team-core",
                            "permission": "pull",
                            "privacy": "closed",
                            "slug": "verify-tech-team-core"
                        },
                        "meta": {},
                        "tainted": false
                    },
                    "deposed": [],
                    "provider": "provider.github"
                },
                "data.github_team.push_teams.1": {
                    "type": "github_team",
                    "depends_on": [],
                    "primary": {
                        "id": "2826127",
                        "attributes": {
                            "description": "Verify tech team: verify-tech-team-infrastructure",
                            "id": "2826127",
                            "members.#": "19",
                            "members.0": "46bit",
                            "members.1": "issyl0",
                            "members.10": "ronocg",
                            "members.11": "smford",
                            "members.12": "blairboy362",
                            "members.13": "andy-paine",
                            "members.14": "jstandring-gds",
                            "members.15": "adityapahuja",
                            "members.16": "rhowe-gds",
                            "members.17": "matthewcullum-gds",
                            "members.18": "szd55gds",
                            "members.2": "philandstuff",
                            "members.3": "chrisholmes",
                            "members.4": "thomasalanlee",
                            "members.5": "mmhmm",
                            "members.6": "tlwr",
                            "members.7": "vixus0",
                            "members.8": "sakisv",
                            "members.9": "stephengrier",
                            "name": "verify-tech-team-infrastructure",
                            "permission": "pull",
                            "privacy": "closed",
                            "slug": "verify-tech-team-infrastructure"
                        },
                        "meta": {},
                        "tainted": false
                    },
                    "deposed": [],
                    "provider": "provider.github"
                },
                "github_branch_protection.repo_protect_master": {
                    "type": "github_branch_protection",
                    "depends_on": [
                        "github_repository.repo"
                    ],
                    "primary": {
                        "id": "verify-infrastructure:master",
                        "attributes": {
                            "branch": "master",
                            "enforce_admins": "false",
                            "etag": "W/\"663d745b60bf469452739ae6c2b6350b\"",
                            "id": "verify-infrastructure:master",
                            "repository": "verify-infrastructure",
                            "required_pull_request_reviews.#": "1",
                            "required_pull_request_reviews.0.dismiss_stale_reviews": "true",
                            "required_pull_request_reviews.0.dismissal_teams.#": "0",
                            "required_pull_request_reviews.0.dismissal_users.#": "0",
                            "required_pull_request_reviews.0.include_admins": "false",
                            "required_pull_request_reviews.0.require_code_owner_reviews": "false",
                            "required_status_checks.#": "0",
                            "restrictions.#": "0"
                        },
                        "meta": {},
                        "tainted": false
                    },
                    "deposed": [],
                    "provider": "provider.github"
                },
                "github_repository.repo": {
                    "type": "github_repository",
                    "depends_on": [],
                    "primary": {
                        "id": "verify-infrastructure",
                        "attributes": {
                            "allow_merge_commit": "true",
                            "allow_rebase_merge": "false",
                            "allow_squash_merge": "false",
                            "archived": "false",
                            "default_branch": "master",
                            "description": "Infrastructure code for Verify Hub ECS",
                            "etag": "W/\"9ea3b537f1e15df52d7616f6196cc979\"",
                            "full_name": "alphagov/verify-infrastructure",
                            "git_clone_url": "git://github.com/alphagov/verify-infrastructure.git",
                            "has_downloads": "false",
                            "has_issues": "true",
                            "has_wiki": "true",
                            "homepage_url": "",
                            "html_url": "https://github.com/alphagov/verify-infrastructure",
                            "http_clone_url": "https://github.com/alphagov/verify-infrastructure.git",
                            "id": "verify-infrastructure",
                            "name": "verify-infrastructure",
                            "private": "false",
                            "ssh_clone_url": "git@github.com:alphagov/verify-infrastructure.git",
                            "svn_url": "https://github.com/alphagov/verify-infrastructure",
                            "topics.#": "0"
                        },
                        "meta": {},
                        "tainted": false
                    },
                    "deposed": [],
                    "provider": "provider.github"
                },
                "github_team_repository.repo_team_push.0": {
                    "type": "github_team_repository",
                    "depends_on": [
                        "data.github_team.push_teams.*",
                        "github_repository.repo"
                    ],
                    "primary": {
                        "id": "2826122:verify-infrastructure",
                        "attributes": {
                            "etag": "W/\"d97833d7d80e8ab0837a1228c98ee152\"",
                            "id": "2826122:verify-infrastructure",
                            "permission": "push",
                            "repository": "verify-infrastructure",
                            "team_id": "2826122"
                        },
                        "meta": {},
                        "tainted": false
                    },
                    "deposed": [],
                    "provider": "provider.github"
                },
                "github_team_repository.repo_team_push.1": {
                    "type": "github_team_repository",
                    "depends_on": [
                        "data.github_team.push_teams.*",
                        "github_repository.repo"
                    ],
                    "primary": {
                        "id": "2826127:verify-infrastructure",
                        "attributes": {
                            "etag": "W/\"d97833d7d80e8ab0837a1228c98ee152\"",
                            "id": "2826127:verify-infrastructure",
                            "permission": "push",
                            "repository": "verify-infrastructure",
                            "team_id": "2826127"
                        },
                        "meta": {},
                        "tainted": false
                    },
                    "deposed": [],
                    "provider": "provider.github"
                }
            },
            "depends_on": []
        },
        {
            "path": [
                "root",
                "repo_verify_infrastructure_config"
            ],
            "outputs": {},
            "resources": {
                "data.github_team.push_teams.0": {
                    "type": "github_team",
                    "depends_on": [],
                    "primary": {
                        "id": "2826122",
                        "attributes": {
                            "description": "Verify tech team: verify-tech-team-core",
                            "id": "2826122",
                            "members.#": "30",
                            "members.0": "idrop",
                            "members.1": "46bit",
                            "members.10": "zilnhoj",
                            "members.11": "vixus0",
                            "members.12": "robinmitra",
                            "members.13": "brenetic",
                            "members.14": "nacnudus",
                            "members.15": "CharlesIC",
                            "members.16": "jkunle",
                            "members.17": "sakisv",
                            "members.18": "mikieet",
                            "members.19": "Rosa-Fox",
                            "members.2": "galund",
                            "members.20": "AnneCarr",
                            "members.21": "ida-build-bot",
                            "members.22": "chrisclayson",
                            "members.23": "blairboy362",
                            "members.24": "Wynndow",
                            "members.25": "andy-paine",
                            "members.26": "tomrosier",
                            "members.27": "bjgill",
                            "members.28": "RacingHippo",
                            "members.29": "bravegrape",
                            "members.3": "issyl0",
                            "members.4": "phantas",
                            "members.5": "philandstuff",
                            "members.6": "chrisholmes",
                            "members.7": "thomasalanlee",
                            "members.8": "tlwr",
                            "members.9": "kerrr",
                            "name": "verify-tech-team-core",
                            "permission": "pull",
                            "privacy": "closed",
                            "slug": "verify-tech-team-core"
                        },
                        "meta": {},
                        "tainted": false
                    },
                    "deposed": [],
                    "provider": "provider.github"
                },
                "data.github_team.push_teams.1": {
                    "type": "github_team",
                    "depends_on": [],
                    "primary": {
                        "id": "2826127",
                        "attributes": {
                            "description": "Verify tech team: verify-tech-team-infrastructure",
                            "id": "2826127",
                            "members.#": "19",
                            "members.0": "46bit",
                            "members.1": "issyl0",
                            "members.10": "ronocg",
                            "members.11": "smford",
                            "members.12": "blairboy362",
                            "members.13": "andy-paine",
                            "members.14": "jstandring-gds",
                            "members.15": "adityapahuja",
                            "members.16": "rhowe-gds",
                            "members.17": "matthewcullum-gds",
                            "members.18": "szd55gds",
                            "members.2": "philandstuff",
                            "members.3": "chrisholmes",
                            "members.4": "thomasalanlee",
                            "members.5": "mmhmm",
                            "members.6": "tlwr",
                            "members.7": "vixus0",
                            "members.8": "sakisv",
                            "members.9": "stephengrier",
                            "name": "verify-tech-team-infrastructure",
                            "permission": "pull",
                            "privacy": "closed",
                            "slug": "verify-tech-team-infrastructure"
                        },
                        "meta": {},
                        "tainted": false
                    },
                    "deposed": [],
                    "provider": "provider.github"
                },
                "github_branch_protection.repo_protect_master": {
                    "type": "github_branch_protection",
                    "depends_on": [
                        "github_repository.repo"
                    ],
                    "primary": {
                        "id": "verify-infrastructure-config:master",
                        "attributes": {
                            "branch": "master",
                            "enforce_admins": "false",
                            "etag": "W/\"321a9ea149fe36e8f1c23369fbf31348\"",
                            "id": "verify-infrastructure-config:master",
                            "repository": "verify-infrastructure-config",
                            "required_pull_request_reviews.#": "1",
                            "required_pull_request_reviews.0.dismiss_stale_reviews": "true",
                            "required_pull_request_reviews.0.dismissal_teams.#": "0",
                            "required_pull_request_reviews.0.dismissal_users.#": "0",
                            "required_pull_request_reviews.0.include_admins": "false",
                            "required_pull_request_reviews.0.require_code_owner_reviews": "false",
                            "required_status_checks.#": "0",
                            "restrictions.#": "0"
                        },
                        "meta": {},
                        "tainted": false
                    },
                    "deposed": [],
                    "provider": "provider.github"
                },
                "github_repository.repo": {
                    "type": "github_repository",
                    "depends_on": [],
                    "primary": {
                        "id": "verify-infrastructure-config",
                        "attributes": {
                            "allow_merge_commit": "true",
                            "allow_rebase_merge": "false",
                            "allow_squash_merge": "false",
                            "archived": "false",
                            "default_branch": "master",
                            "description": "ECS Hub Config (including the CI/CD pipeline)",
                            "etag": "W/\"9ed1111bfa25fee59cd58a4366bf8984\"",
                            "full_name": "alphagov/verify-infrastructure-config",
                            "git_clone_url": "git://github.com/alphagov/verify-infrastructure-config.git",
                            "has_downloads": "false",
                            "has_issues": "true",
                            "has_wiki": "true",
                            "homepage_url": "",
                            "html_url": "https://github.com/alphagov/verify-infrastructure-config",
                            "http_clone_url": "https://github.com/alphagov/verify-infrastructure-config.git",
                            "id": "verify-infrastructure-config",
                            "name": "verify-infrastructure-config",
                            "private": "true",
                            "ssh_clone_url": "git@github.com:alphagov/verify-infrastructure-config.git",
                            "svn_url": "https://github.com/alphagov/verify-infrastructure-config",
                            "topics.#": "0"
                        },
                        "meta": {},
                        "tainted": false
                    },
                    "deposed": [],
                    "provider": "provider.github"
                },
                "github_team_repository.repo_team_push.0": {
                    "type": "github_team_repository",
                    "depends_on": [
                        "data.github_team.push_teams.*",
                        "github_repository.repo"
                    ],
                    "primary": {
                        "id": "2826122:verify-infrastructure-config",
                        "attributes": {
                            "etag": "W/\"a9dc18fe41fb922a84b34b62447b5800\"",
                            "id": "2826122:verify-infrastructure-config",
                            "permission": "push",
                            "repository": "verify-infrastructure-config",
                            "team_id": "2826122"
                        },
                        "meta": {},
                        "tainted": false
                    },
                    "deposed": [],
                    "provider": "provider.github"
                },
                "github_team_repository.repo_team_push.1": {
                    "type": "github_team_repository",
                    "depends_on": [
                        "data.github_team.push_teams.*",
                        "github_repository.repo"
                    ],
                    "primary": {
                        "id": "2826127:verify-infrastructure-config",
                        "attributes": {
                            "etag": "W/\"a9dc18fe41fb922a84b34b62447b5800\"",
                            "id": "2826127:verify-infrastructure-config",
                            "permission": "push",
                            "repository": "verify-infrastructure-config",
                            "team_id": "2826127"
                        },
                        "meta": {},
                        "tainted": false
                    },
                    "deposed": [],
                    "provider": "provider.github"
                }
            },
            "depends_on": []
        },
        {
            "path": [
                "root",
                "repo_verify_jenkins_job_builder"
            ],
            "outputs": {},
            "resources": {
                "data.github_team.push_teams.0": {
                    "type": "github_team",
                    "depends_on": [],
                    "primary": {
                        "id": "2826122",
                        "attributes": {
                            "description": "Verify tech team: verify-tech-team-core",
                            "id": "2826122",
                            "members.#": "30",
                            "members.0": "idrop",
                            "members.1": "46bit",
                            "members.10": "zilnhoj",
                            "members.11": "vixus0",
                            "members.12": "robinmitra",
                            "members.13": "brenetic",
                            "members.14": "nacnudus",
                            "members.15": "CharlesIC",
                            "members.16": "jkunle",
                            "members.17": "sakisv",
                            "members.18": "mikieet",
                            "members.19": "Rosa-Fox",
                            "members.2": "galund",
                            "members.20": "AnneCarr",
                            "members.21": "ida-build-bot",
                            "members.22": "chrisclayson",
                            "members.23": "blairboy362",
                            "members.24": "Wynndow",
                            "members.25": "andy-paine",
                            "members.26": "tomrosier",
                            "members.27": "bjgill",
                            "members.28": "RacingHippo",
                            "members.29": "bravegrape",
                            "members.3": "issyl0",
                            "members.4": "phantas",
                            "members.5": "philandstuff",
                            "members.6": "chrisholmes",
                            "members.7": "thomasalanlee",
                            "members.8": "tlwr",
                            "members.9": "kerrr",
                            "name": "verify-tech-team-core",
                            "permission": "pull",
                            "privacy": "closed",
                            "slug": "verify-tech-team-core"
                        },
                        "meta": {},
                        "tainted": false
                    },
                    "deposed": [],
                    "provider": "provider.github"
                },
                "data.github_team.push_teams.1": {
                    "type": "github_team",
                    "depends_on": [],
                    "primary": {
                        "id": "2826127",
                        "attributes": {
                            "description": "Verify tech team: verify-tech-team-infrastructure",
                            "id": "2826127",
                            "members.#": "19",
                            "members.0": "46bit",
                            "members.1": "issyl0",
                            "members.10": "ronocg",
                            "members.11": "smford",
                            "members.12": "blairboy362",
                            "members.13": "andy-paine",
                            "members.14": "jstandring-gds",
                            "members.15": "adityapahuja",
                            "members.16": "rhowe-gds",
                            "members.17": "matthewcullum-gds",
                            "members.18": "szd55gds",
                            "members.2": "philandstuff",
                            "members.3": "chrisholmes",
                            "members.4": "thomasalanlee",
                            "members.5": "mmhmm",
                            "members.6": "tlwr",
                            "members.7": "vixus0",
                            "members.8": "sakisv",
                            "members.9": "stephengrier",
                            "name": "verify-tech-team-infrastructure",
                            "permission": "pull",
                            "privacy": "closed",
                            "slug": "verify-tech-team-infrastructure"
                        },
                        "meta": {},
                        "tainted": false
                    },
                    "deposed": [],
                    "provider": "provider.github"
                },
                "github_branch_protection.repo_protect_master": {
                    "type": "github_branch_protection",
                    "depends_on": [],
                    "primary": {
                        "id": "verify-jenkins-job-builder:master",
                        "attributes": {
                            "branch": "master",
                            "enforce_admins": "false",
                            "etag": "W/\"cb3a8465182b10519daa25b64a91b109\"",
                            "id": "verify-jenkins-job-builder:master",
                            "repository": "verify-jenkins-job-builder",
                            "required_pull_request_reviews.#": "1",
                            "required_pull_request_reviews.0.dismiss_stale_reviews": "true",
                            "required_pull_request_reviews.0.dismissal_teams.#": "0",
                            "required_pull_request_reviews.0.dismissal_users.#": "0",
                            "required_pull_request_reviews.0.include_admins": "false",
                            "required_pull_request_reviews.0.require_code_owner_reviews": "false",
                            "required_status_checks.#": "0",
                            "restrictions.#": "0"
                        },
                        "meta": {},
                        "tainted": false
                    },
                    "deposed": [],
                    "provider": "provider.github"
                },
                "github_repository.repo": {
                    "type": "github_repository",
                    "depends_on": [],
                    "primary": {
                        "id": "verify-jenkins-job-builder",
                        "attributes": {
                            "allow_merge_commit": "true",
                            "allow_rebase_merge": "false",
                            "allow_squash_merge": "false",
                            "archived": "false",
                            "auto_init": "true",
                            "default_branch": "master",
                            "description": "Verify Jenkins Job Builder configuration",
                            "etag": "W/\"27dbe199e1cabfc4d5eb024d686b6716\"",
                            "full_name": "alphagov/verify-jenkins-job-builder",
                            "git_clone_url": "git://github.com/alphagov/verify-jenkins-job-builder.git",
                            "has_downloads": "false",
                            "has_issues": "true",
                            "has_wiki": "true",
                            "homepage_url": "",
                            "html_url": "https://github.com/alphagov/verify-jenkins-job-builder",
                            "http_clone_url": "https://github.com/alphagov/verify-jenkins-job-builder.git",
                            "id": "verify-jenkins-job-builder",
                            "name": "verify-jenkins-job-builder",
                            "private": "true",
                            "ssh_clone_url": "git@github.com:alphagov/verify-jenkins-job-builder.git",
                            "svn_url": "https://github.com/alphagov/verify-jenkins-job-builder",
                            "topics.#": "1",
                            "topics.2357015465": "verify"
                        },
                        "meta": {},
                        "tainted": false
                    },
                    "deposed": [],
                    "provider": "provider.github"
                },
                "github_team_repository.repo_team_push.0": {
                    "type": "github_team_repository",
                    "depends_on": [
                        "data.github_team.push_teams.*",
                        "github_repository.repo"
                    ],
                    "primary": {
                        "id": "2826122:verify-jenkins-job-builder",
                        "attributes": {
                            "etag": "W/\"17908230c4ca9dd3531b92b8dd3383c8\"",
                            "id": "2826122:verify-jenkins-job-builder",
                            "permission": "push",
                            "repository": "verify-jenkins-job-builder",
                            "team_id": "2826122"
                        },
                        "meta": {},
                        "tainted": false
                    },
                    "deposed": [],
                    "provider": "provider.github"
                },
                "github_team_repository.repo_team_push.1": {
                    "type": "github_team_repository",
                    "depends_on": [
                        "data.github_team.push_teams.*",
                        "github_repository.repo"
                    ],
                    "primary": {
                        "id": "2826127:verify-jenkins-job-builder",
                        "attributes": {
                            "etag": "W/\"17908230c4ca9dd3531b92b8dd3383c8\"",
                            "id": "2826127:verify-jenkins-job-builder",
                            "permission": "push",
                            "repository": "verify-jenkins-job-builder",
                            "team_id": "2826127"
                        },
                        "meta": {},
                        "tainted": false
                    },
                    "deposed": [],
                    "provider": "provider.github"
                }
            },
            "depends_on": []
        },
        {
            "path": [
                "root",
                "repo_verify_local_matching_service_example"
            ],
            "outputs": {},
            "resources": {
                "data.github_team.push_teams": {
                    "type": "github_team",
                    "depends_on": [],
                    "primary": {
                        "id": "2826122",
                        "attributes": {
                            "description": "Verify tech team: verify-tech-team-core",
                            "id": "2826122",
                            "members.#": "30",
                            "members.0": "idrop",
                            "members.1": "46bit",
                            "members.10": "zilnhoj",
                            "members.11": "vixus0",
                            "members.12": "robinmitra",
                            "members.13": "brenetic",
                            "members.14": "nacnudus",
                            "members.15": "CharlesIC",
                            "members.16": "jkunle",
                            "members.17": "sakisv",
                            "members.18": "mikieet",
                            "members.19": "Rosa-Fox",
                            "members.2": "galund",
                            "members.20": "AnneCarr",
                            "members.21": "ida-build-bot",
                            "members.22": "chrisclayson",
                            "members.23": "blairboy362",
                            "members.24": "Wynndow",
                            "members.25": "andy-paine",
                            "members.26": "tomrosier",
                            "members.27": "bjgill",
                            "members.28": "RacingHippo",
                            "members.29": "bravegrape",
                            "members.3": "issyl0",
                            "members.4": "phantas",
                            "members.5": "philandstuff",
                            "members.6": "chrisholmes",
                            "members.7": "thomasalanlee",
                            "members.8": "tlwr",
                            "members.9": "kerrr",
                            "name": "verify-tech-team-core",
                            "permission": "pull",
                            "privacy": "closed",
                            "slug": "verify-tech-team-core"
                        },
                        "meta": {},
                        "tainted": false
                    },
                    "deposed": [],
                    "provider": "provider.github"
                },
                "github_branch_protection.repo_protect_master": {
                    "type": "github_branch_protection",
                    "depends_on": [],
                    "primary": {
                        "id": "verify-local-matching-service-example:master",
                        "attributes": {
                            "branch": "master",
                            "enforce_admins": "false",
                            "etag": "W/\"bc3b73e39beb4e162bd805155e29ca6e\"",
                            "id": "verify-local-matching-service-example:master",
                            "repository": "verify-local-matching-service-example",
                            "required_pull_request_reviews.#": "1",
                            "required_pull_request_reviews.0.dismiss_stale_reviews": "true",
                            "required_pull_request_reviews.0.dismissal_teams.#": "0",
                            "required_pull_request_reviews.0.dismissal_users.#": "0",
                            "required_pull_request_reviews.0.include_admins": "false",
                            "required_pull_request_reviews.0.require_code_owner_reviews": "false",
                            "required_status_checks.#": "0",
                            "restrictions.#": "0"
                        },
                        "meta": {},
                        "tainted": false
                    },
                    "deposed": [],
                    "provider": "provider.github"
                },
                "github_repository.repo": {
                    "type": "github_repository",
                    "depends_on": [],
                    "primary": {
                        "id": "verify-local-matching-service-example",
                        "attributes": {
                            "allow_merge_commit": "true",
                            "allow_rebase_merge": "false",
                            "allow_squash_merge": "false",
                            "archived": "false",
                            "auto_init": "true",
                            "default_branch": "master",
                            "description": "",
                            "etag": "W/\"81ba1dcdd98c0bfcd992d494c71f21b6\"",
                            "full_name": "alphagov/verify-local-matching-service-example",
                            "git_clone_url": "git://github.com/alphagov/verify-local-matching-service-example.git",
                            "has_downloads": "false",
                            "has_issues": "true",
                            "has_wiki": "true",
                            "homepage_url": "",
                            "html_url": "https://github.com/alphagov/verify-local-matching-service-example",
                            "http_clone_url": "https://github.com/alphagov/verify-local-matching-service-example.git",
                            "id": "verify-local-matching-service-example",
                            "name": "verify-local-matching-service-example",
                            "private": "false",
                            "ssh_clone_url": "git@github.com:alphagov/verify-local-matching-service-example.git",
                            "svn_url": "https://github.com/alphagov/verify-local-matching-service-example",
                            "topics.#": "1",
                            "topics.2357015465": "verify"
                        },
                        "meta": {},
                        "tainted": false
                    },
                    "deposed": [],
                    "provider": "provider.github"
                },
                "github_team_repository.repo_team_push": {
                    "type": "github_team_repository",
                    "depends_on": [
                        "data.github_team.push_teams.*",
                        "github_repository.repo"
                    ],
                    "primary": {
                        "id": "2826122:verify-local-matching-service-example",
                        "attributes": {
                            "etag": "W/\"d204d6937047b3592f0062e4855fc336\"",
                            "id": "2826122:verify-local-matching-service-example",
                            "permission": "push",
                            "repository": "verify-local-matching-service-example",
                            "team_id": "2826122"
                        },
                        "meta": {},
                        "tainted": false
                    },
                    "deposed": [],
                    "provider": "provider.github"
                }
            },
            "depends_on": []
        },
        {
            "path": [
                "root",
                "repo_verify_matching_service_adapter"
            ],
            "outputs": {},
            "resources": {
                "data.github_team.push_teams": {
                    "type": "github_team",
                    "depends_on": [],
                    "primary": {
                        "id": "2826122",
                        "attributes": {
                            "description": "Verify tech team: verify-tech-team-core",
                            "id": "2826122",
                            "members.#": "30",
                            "members.0": "idrop",
                            "members.1": "46bit",
                            "members.10": "zilnhoj",
                            "members.11": "vixus0",
                            "members.12": "robinmitra",
                            "members.13": "brenetic",
                            "members.14": "nacnudus",
                            "members.15": "CharlesIC",
                            "members.16": "jkunle",
                            "members.17": "sakisv",
                            "members.18": "mikieet",
                            "members.19": "Rosa-Fox",
                            "members.2": "galund",
                            "members.20": "AnneCarr",
                            "members.21": "ida-build-bot",
                            "members.22": "chrisclayson",
                            "members.23": "blairboy362",
                            "members.24": "Wynndow",
                            "members.25": "andy-paine",
                            "members.26": "tomrosier",
                            "members.27": "bjgill",
                            "members.28": "RacingHippo",
                            "members.29": "bravegrape",
                            "members.3": "issyl0",
                            "members.4": "phantas",
                            "members.5": "philandstuff",
                            "members.6": "chrisholmes",
                            "members.7": "thomasalanlee",
                            "members.8": "tlwr",
                            "members.9": "kerrr",
                            "name": "verify-tech-team-core",
                            "permission": "pull",
                            "privacy": "closed",
                            "slug": "verify-tech-team-core"
                        },
                        "meta": {},
                        "tainted": false
                    },
                    "deposed": [],
                    "provider": "provider.github"
                },
                "github_branch_protection.repo_protect_master": {
                    "type": "github_branch_protection",
                    "depends_on": [],
                    "primary": {
                        "id": "verify-matching-service-adapter:master",
                        "attributes": {
                            "branch": "master",
                            "enforce_admins": "false",
                            "etag": "W/\"3f08e99e04f100af4b9d113b13e0d9ff\"",
                            "id": "verify-matching-service-adapter:master",
                            "repository": "verify-matching-service-adapter",
                            "required_pull_request_reviews.#": "1",
                            "required_pull_request_reviews.0.dismiss_stale_reviews": "true",
                            "required_pull_request_reviews.0.dismissal_teams.#": "0",
                            "required_pull_request_reviews.0.dismissal_users.#": "0",
                            "required_pull_request_reviews.0.include_admins": "false",
                            "required_pull_request_reviews.0.require_code_owner_reviews": "false",
                            "required_status_checks.#": "0",
                            "restrictions.#": "0"
                        },
                        "meta": {},
                        "tainted": false
                    },
                    "deposed": [],
                    "provider": "provider.github"
                },
                "github_repository.repo": {
                    "type": "github_repository",
                    "depends_on": [],
                    "primary": {
                        "id": "verify-matching-service-adapter",
                        "attributes": {
                            "allow_merge_commit": "true",
                            "allow_rebase_merge": "false",
                            "allow_squash_merge": "false",
                            "archived": "false",
                            "auto_init": "true",
                            "default_branch": "master",
                            "description": "Verify Matching Service Adapter",
                            "etag": "W/\"31832754c5825213596be69bb2ae0119\"",
                            "full_name": "alphagov/verify-matching-service-adapter",
                            "git_clone_url": "git://github.com/alphagov/verify-matching-service-adapter.git",
                            "has_downloads": "false",
                            "has_issues": "true",
                            "has_wiki": "true",
                            "homepage_url": "",
                            "html_url": "https://github.com/alphagov/verify-matching-service-adapter",
                            "http_clone_url": "https://github.com/alphagov/verify-matching-service-adapter.git",
                            "id": "verify-matching-service-adapter",
                            "name": "verify-matching-service-adapter",
                            "private": "false",
                            "ssh_clone_url": "git@github.com:alphagov/verify-matching-service-adapter.git",
                            "svn_url": "https://github.com/alphagov/verify-matching-service-adapter",
                            "topics.#": "1",
                            "topics.2357015465": "verify"
                        },
                        "meta": {},
                        "tainted": false
                    },
                    "deposed": [],
                    "provider": "provider.github"
                },
                "github_team_repository.repo_team_push": {
                    "type": "github_team_repository",
                    "depends_on": [
                        "data.github_team.teams.*",
                        "github_repository.repo"
                    ],
                    "primary": {
                        "id": "2826122:verify-matching-service-adapter",
                        "attributes": {
                            "etag": "W/\"e65c98b90db03da2563026e0386ff00e\"",
                            "id": "2826122:verify-matching-service-adapter",
                            "permission": "push",
                            "repository": "verify-matching-service-adapter",
                            "team_id": "2826122"
                        },
                        "meta": {},
                        "tainted": false
                    },
                    "deposed": [],
                    "provider": "provider.github"
                }
            },
            "depends_on": []
        },
        {
            "path": [
                "root",
                "repo_verify_metadata"
            ],
            "outputs": {},
            "resources": {
                "data.github_team.push_teams": {
                    "type": "github_team",
                    "depends_on": [],
                    "primary": {
                        "id": "2826122",
                        "attributes": {
                            "description": "Verify tech team: verify-tech-team-core",
                            "id": "2826122",
                            "members.#": "30",
                            "members.0": "idrop",
                            "members.1": "46bit",
                            "members.10": "zilnhoj",
                            "members.11": "vixus0",
                            "members.12": "robinmitra",
                            "members.13": "brenetic",
                            "members.14": "nacnudus",
                            "members.15": "CharlesIC",
                            "members.16": "jkunle",
                            "members.17": "sakisv",
                            "members.18": "mikieet",
                            "members.19": "Rosa-Fox",
                            "members.2": "galund",
                            "members.20": "AnneCarr",
                            "members.21": "ida-build-bot",
                            "members.22": "chrisclayson",
                            "members.23": "blairboy362",
                            "members.24": "Wynndow",
                            "members.25": "andy-paine",
                            "members.26": "tomrosier",
                            "members.27": "bjgill",
                            "members.28": "RacingHippo",
                            "members.29": "bravegrape",
                            "members.3": "issyl0",
                            "members.4": "phantas",
                            "members.5": "philandstuff",
                            "members.6": "chrisholmes",
                            "members.7": "thomasalanlee",
                            "members.8": "tlwr",
                            "members.9": "kerrr",
                            "name": "verify-tech-team-core",
                            "permission": "pull",
                            "privacy": "closed",
                            "slug": "verify-tech-team-core"
                        },
                        "meta": {},
                        "tainted": false
                    },
                    "deposed": [],
                    "provider": "provider.github"
                },
                "github_branch_protection.repo_protect_master": {
                    "type": "github_branch_protection",
                    "depends_on": [],
                    "primary": {
                        "id": "verify-metadata:master",
                        "attributes": {
                            "branch": "master",
                            "enforce_admins": "false",
                            "etag": "W/\"937f7f5dd834592d8e3f7ad2c1d3ecb7\"",
                            "id": "verify-metadata:master",
                            "repository": "verify-metadata",
                            "required_pull_request_reviews.#": "1",
                            "required_pull_request_reviews.0.dismiss_stale_reviews": "true",
                            "required_pull_request_reviews.0.dismissal_teams.#": "0",
                            "required_pull_request_reviews.0.dismissal_users.#": "0",
                            "required_pull_request_reviews.0.include_admins": "false",
                            "required_pull_request_reviews.0.require_code_owner_reviews": "false",
                            "required_status_checks.#": "0",
                            "restrictions.#": "0"
                        },
                        "meta": {},
                        "tainted": false
                    },
                    "deposed": [],
                    "provider": "provider.github"
                },
                "github_repository.repo": {
                    "type": "github_repository",
                    "depends_on": [],
                    "primary": {
                        "id": "verify-metadata",
                        "attributes": {
                            "allow_merge_commit": "true",
                            "allow_rebase_merge": "false",
                            "allow_squash_merge": "false",
                            "archived": "false",
                            "auto_init": "true",
                            "default_branch": "master",
                            "description": "Verify SAML metadata sources",
                            "etag": "W/\"18a058813b1419cb8e304f31a6c57349\"",
                            "full_name": "alphagov/verify-metadata",
                            "git_clone_url": "git://github.com/alphagov/verify-metadata.git",
                            "has_downloads": "false",
                            "has_issues": "true",
                            "has_wiki": "true",
                            "homepage_url": "",
                            "html_url": "https://github.com/alphagov/verify-metadata",
                            "http_clone_url": "https://github.com/alphagov/verify-metadata.git",
                            "id": "verify-metadata",
                            "name": "verify-metadata",
                            "private": "true",
                            "ssh_clone_url": "git@github.com:alphagov/verify-metadata.git",
                            "svn_url": "https://github.com/alphagov/verify-metadata",
                            "topics.#": "1",
                            "topics.2357015465": "verify"
                        },
                        "meta": {},
                        "tainted": false
                    },
                    "deposed": [],
                    "provider": "provider.github"
                },
                "github_team_repository.repo_team_push": {
                    "type": "github_team_repository",
                    "depends_on": [
                        "data.github_team.teams.*",
                        "github_repository.repo"
                    ],
                    "primary": {
                        "id": "2826122:verify-metadata",
                        "attributes": {
                            "etag": "W/\"aa7c2d04dd2117769db4eac07d398be9\"",
                            "id": "2826122:verify-metadata",
                            "permission": "push",
                            "repository": "verify-metadata",
                            "team_id": "2826122"
                        },
                        "meta": {},
                        "tainted": false
                    },
                    "deposed": [],
                    "provider": "provider.github"
                }
            },
            "depends_on": []
        },
        {
            "path": [
                "root",
                "repo_verify_packages"
            ],
            "outputs": {},
            "resources": {
                "data.github_team.push_teams.0": {
                    "type": "github_team",
                    "depends_on": [],
                    "primary": {
                        "id": "2826122",
                        "attributes": {
                            "description": "Verify tech team: verify-tech-team-core",
                            "id": "2826122",
                            "members.#": "30",
                            "members.0": "idrop",
                            "members.1": "46bit",
                            "members.10": "zilnhoj",
                            "members.11": "vixus0",
                            "members.12": "robinmitra",
                            "members.13": "brenetic",
                            "members.14": "nacnudus",
                            "members.15": "CharlesIC",
                            "members.16": "jkunle",
                            "members.17": "sakisv",
                            "members.18": "mikieet",
                            "members.19": "Rosa-Fox",
                            "members.2": "galund",
                            "members.20": "AnneCarr",
                            "members.21": "ida-build-bot",
                            "members.22": "chrisclayson",
                            "members.23": "blairboy362",
                            "members.24": "Wynndow",
                            "members.25": "andy-paine",
                            "members.26": "tomrosier",
                            "members.27": "bjgill",
                            "members.28": "RacingHippo",
                            "members.29": "bravegrape",
                            "members.3": "issyl0",
                            "members.4": "phantas",
                            "members.5": "philandstuff",
                            "members.6": "chrisholmes",
                            "members.7": "thomasalanlee",
                            "members.8": "tlwr",
                            "members.9": "kerrr",
                            "name": "verify-tech-team-core",
                            "permission": "pull",
                            "privacy": "closed",
                            "slug": "verify-tech-team-core"
                        },
                        "meta": {},
                        "tainted": false
                    },
                    "deposed": [],
                    "provider": "provider.github"
                },
                "data.github_team.push_teams.1": {
                    "type": "github_team",
                    "depends_on": [],
                    "primary": {
                        "id": "2826127",
                        "attributes": {
                            "description": "Verify tech team: verify-tech-team-infrastructure",
                            "id": "2826127",
                            "members.#": "19",
                            "members.0": "46bit",
                            "members.1": "issyl0",
                            "members.10": "ronocg",
                            "members.11": "smford",
                            "members.12": "blairboy362",
                            "members.13": "andy-paine",
                            "members.14": "jstandring-gds",
                            "members.15": "adityapahuja",
                            "members.16": "rhowe-gds",
                            "members.17": "matthewcullum-gds",
                            "members.18": "szd55gds",
                            "members.2": "philandstuff",
                            "members.3": "chrisholmes",
                            "members.4": "thomasalanlee",
                            "members.5": "mmhmm",
                            "members.6": "tlwr",
                            "members.7": "vixus0",
                            "members.8": "sakisv",
                            "members.9": "stephengrier",
                            "name": "verify-tech-team-infrastructure",
                            "permission": "pull",
                            "privacy": "closed",
                            "slug": "verify-tech-team-infrastructure"
                        },
                        "meta": {},
                        "tainted": false
                    },
                    "deposed": [],
                    "provider": "provider.github"
                },
                "github_branch_protection.repo_protect_master": {
                    "type": "github_branch_protection",
                    "depends_on": [
                        "github_repository.repo"
                    ],
                    "primary": {
                        "id": "verify-packages:master",
                        "attributes": {
                            "branch": "master",
                            "enforce_admins": "false",
                            "etag": "W/\"13d6636f7d57dba88224395a6f06ebfc\"",
                            "id": "verify-packages:master",
                            "repository": "verify-packages",
                            "required_pull_request_reviews.#": "1",
                            "required_pull_request_reviews.0.dismiss_stale_reviews": "true",
                            "required_pull_request_reviews.0.dismissal_teams.#": "0",
                            "required_pull_request_reviews.0.dismissal_users.#": "0",
                            "required_pull_request_reviews.0.include_admins": "false",
                            "required_pull_request_reviews.0.require_code_owner_reviews": "false",
                            "required_status_checks.#": "0",
                            "restrictions.#": "0"
                        },
                        "meta": {},
                        "tainted": false
                    },
                    "deposed": [],
                    "provider": "provider.github"
                },
                "github_repository.repo": {
                    "type": "github_repository",
                    "depends_on": [],
                    "primary": {
                        "id": "verify-packages",
                        "attributes": {
                            "allow_merge_commit": "true",
                            "allow_rebase_merge": "false",
                            "allow_squash_merge": "false",
                            "archived": "false",
                            "auto_init": "true",
                            "default_branch": "master",
                            "description": "Builds custom ubuntu packages used for Verify systems",
                            "etag": "W/\"a542d45645ec616795675676142593c1\"",
                            "full_name": "alphagov/verify-packages",
                            "git_clone_url": "git://github.com/alphagov/verify-packages.git",
                            "has_downloads": "false",
                            "has_issues": "true",
                            "has_wiki": "true",
                            "homepage_url": "",
                            "html_url": "https://github.com/alphagov/verify-packages",
                            "http_clone_url": "https://github.com/alphagov/verify-packages.git",
                            "id": "verify-packages",
                            "name": "verify-packages",
                            "private": "true",
                            "ssh_clone_url": "git@github.com:alphagov/verify-packages.git",
                            "svn_url": "https://github.com/alphagov/verify-packages",
                            "topics.#": "1",
                            "topics.2357015465": "verify"
                        },
                        "meta": {},
                        "tainted": false
                    },
                    "deposed": [],
                    "provider": "provider.github"
                },
                "github_team_repository.repo_team_push.0": {
                    "type": "github_team_repository",
                    "depends_on": [
                        "data.github_team.push_teams.*",
                        "github_repository.repo"
                    ],
                    "primary": {
                        "id": "2826122:verify-packages",
                        "attributes": {
                            "etag": "W/\"ef680ab3e71cbe37ee8b69cb0791b9c2\"",
                            "id": "2826122:verify-packages",
                            "permission": "push",
                            "repository": "verify-packages",
                            "team_id": "2826122"
                        },
                        "meta": {},
                        "tainted": false
                    },
                    "deposed": [],
                    "provider": "provider.github"
                },
                "github_team_repository.repo_team_push.1": {
                    "type": "github_team_repository",
                    "depends_on": [
                        "data.github_team.push_teams.*",
                        "github_repository.repo"
                    ],
                    "primary": {
                        "id": "2826127:verify-packages",
                        "attributes": {
                            "etag": "W/\"ef680ab3e71cbe37ee8b69cb0791b9c2\"",
                            "id": "2826127:verify-packages",
                            "permission": "push",
                            "repository": "verify-packages",
                            "team_id": "2826127"
                        },
                        "meta": {},
                        "tainted": false
                    },
                    "deposed": [],
                    "provider": "provider.github"
                }
            },
            "depends_on": []
        },
        {
            "path": [
                "root",
                "repo_verify_performance"
            ],
            "outputs": {},
            "resources": {
                "data.github_team.push_teams": {
                    "type": "github_team",
                    "depends_on": [],
                    "primary": {
                        "id": "2826122",
                        "attributes": {
                            "description": "Verify tech team: verify-tech-team-core",
                            "id": "2826122",
                            "members.#": "30",
                            "members.0": "idrop",
                            "members.1": "46bit",
                            "members.10": "zilnhoj",
                            "members.11": "vixus0",
                            "members.12": "robinmitra",
                            "members.13": "brenetic",
                            "members.14": "nacnudus",
                            "members.15": "CharlesIC",
                            "members.16": "jkunle",
                            "members.17": "sakisv",
                            "members.18": "mikieet",
                            "members.19": "Rosa-Fox",
                            "members.2": "galund",
                            "members.20": "AnneCarr",
                            "members.21": "ida-build-bot",
                            "members.22": "chrisclayson",
                            "members.23": "blairboy362",
                            "members.24": "Wynndow",
                            "members.25": "andy-paine",
                            "members.26": "tomrosier",
                            "members.27": "bjgill",
                            "members.28": "RacingHippo",
                            "members.29": "bravegrape",
                            "members.3": "issyl0",
                            "members.4": "phantas",
                            "members.5": "philandstuff",
                            "members.6": "chrisholmes",
                            "members.7": "thomasalanlee",
                            "members.8": "tlwr",
                            "members.9": "kerrr",
                            "name": "verify-tech-team-core",
                            "permission": "pull",
                            "privacy": "closed",
                            "slug": "verify-tech-team-core"
                        },
                        "meta": {},
                        "tainted": false
                    },
                    "deposed": [],
                    "provider": "provider.github"
                },
                "github_branch_protection.repo_protect_master": {
                    "type": "github_branch_protection",
                    "depends_on": [
                        "github_repository.repo"
                    ],
                    "primary": {
                        "id": "verify-performance:master",
                        "attributes": {
                            "branch": "master",
                            "enforce_admins": "false",
                            "etag": "W/\"05f59829809df79a665db201b1b04712\"",
                            "id": "verify-performance:master",
                            "repository": "verify-performance",
                            "required_pull_request_reviews.#": "1",
                            "required_pull_request_reviews.0.dismiss_stale_reviews": "true",
                            "required_pull_request_reviews.0.dismissal_teams.#": "0",
                            "required_pull_request_reviews.0.dismissal_users.#": "0",
                            "required_pull_request_reviews.0.include_admins": "false",
                            "required_pull_request_reviews.0.require_code_owner_reviews": "false",
                            "required_status_checks.#": "0",
                            "restrictions.#": "0"
                        },
                        "meta": {},
                        "tainted": false
                    },
                    "deposed": [],
                    "provider": "provider.github"
                },
                "github_repository.repo": {
                    "type": "github_repository",
                    "depends_on": [],
                    "primary": {
                        "id": "verify-performance",
                        "attributes": {
                            "allow_merge_commit": "true",
                            "allow_rebase_merge": "false",
                            "allow_squash_merge": "false",
                            "archived": "false",
                            "auto_init": "true",
                            "default_branch": "master",
                            "description": "Repo for the Verify performance and data team",
                            "etag": "W/\"649dfa008a5dfde63d86388fd446218a\"",
                            "full_name": "alphagov/verify-performance",
                            "git_clone_url": "git://github.com/alphagov/verify-performance.git",
                            "has_downloads": "false",
                            "has_issues": "true",
                            "has_wiki": "true",
                            "homepage_url": "",
                            "html_url": "https://github.com/alphagov/verify-performance",
                            "http_clone_url": "https://github.com/alphagov/verify-performance.git",
                            "id": "verify-performance",
                            "name": "verify-performance",
                            "private": "true",
                            "ssh_clone_url": "git@github.com:alphagov/verify-performance.git",
                            "svn_url": "https://github.com/alphagov/verify-performance",
                            "topics.#": "1",
                            "topics.2357015465": "verify"
                        },
                        "meta": {},
                        "tainted": false
                    },
                    "deposed": [],
                    "provider": "provider.github"
                },
                "github_team_repository.repo_team_push": {
                    "type": "github_team_repository",
                    "depends_on": [
                        "data.github_team.push_teams.*",
                        "github_repository.repo"
                    ],
                    "primary": {
                        "id": "2826122:verify-performance",
                        "attributes": {
                            "etag": "W/\"a2fa35f991ec044df554421ec98e1b54\"",
                            "id": "2826122:verify-performance",
                            "permission": "push",
                            "repository": "verify-performance",
                            "team_id": "2826122"
                        },
                        "meta": {},
                        "tainted": false
                    },
                    "deposed": [],
                    "provider": "provider.github"
                }
            },
            "depends_on": []
        },
        {
            "path": [
                "root",
                "repo_verify_performance_scripts"
            ],
            "outputs": {},
            "resources": {
                "data.github_team.push_teams": {
                    "type": "github_team",
                    "depends_on": [],
                    "primary": {
                        "id": "2826122",
                        "attributes": {
                            "description": "Verify tech team: verify-tech-team-core",
                            "id": "2826122",
                            "members.#": "30",
                            "members.0": "idrop",
                            "members.1": "46bit",
                            "members.10": "zilnhoj",
                            "members.11": "vixus0",
                            "members.12": "robinmitra",
                            "members.13": "brenetic",
                            "members.14": "nacnudus",
                            "members.15": "CharlesIC",
                            "members.16": "jkunle",
                            "members.17": "sakisv",
                            "members.18": "mikieet",
                            "members.19": "Rosa-Fox",
                            "members.2": "galund",
                            "members.20": "AnneCarr",
                            "members.21": "ida-build-bot",
                            "members.22": "chrisclayson",
                            "members.23": "blairboy362",
                            "members.24": "Wynndow",
                            "members.25": "andy-paine",
                            "members.26": "tomrosier",
                            "members.27": "bjgill",
                            "members.28": "RacingHippo",
                            "members.29": "bravegrape",
                            "members.3": "issyl0",
                            "members.4": "phantas",
                            "members.5": "philandstuff",
                            "members.6": "chrisholmes",
                            "members.7": "thomasalanlee",
                            "members.8": "tlwr",
                            "members.9": "kerrr",
                            "name": "verify-tech-team-core",
                            "permission": "pull",
                            "privacy": "closed",
                            "slug": "verify-tech-team-core"
                        },
                        "meta": {},
                        "tainted": false
                    },
                    "deposed": [],
                    "provider": "provider.github"
                },
                "github_branch_protection.repo_protect_master": {
                    "type": "github_branch_protection",
                    "depends_on": [
                        "github_repository.repo"
                    ],
                    "primary": {
                        "id": "verify-performance-scripts:master",
                        "attributes": {
                            "branch": "master",
                            "enforce_admins": "false",
                            "etag": "W/\"b7d3455d2006a5bce2816f1638fc0710\"",
                            "id": "verify-performance-scripts:master",
                            "repository": "verify-performance-scripts",
                            "required_pull_request_reviews.#": "1",
                            "required_pull_request_reviews.0.dismiss_stale_reviews": "true",
                            "required_pull_request_reviews.0.dismissal_teams.#": "0",
                            "required_pull_request_reviews.0.dismissal_users.#": "0",
                            "required_pull_request_reviews.0.include_admins": "false",
                            "required_pull_request_reviews.0.require_code_owner_reviews": "false",
                            "required_status_checks.#": "0",
                            "restrictions.#": "0"
                        },
                        "meta": {},
                        "tainted": false
                    },
                    "deposed": [],
                    "provider": "provider.github"
                },
                "github_repository.repo": {
                    "type": "github_repository",
                    "depends_on": [],
                    "primary": {
                        "id": "verify-performance-scripts",
                        "attributes": {
                            "allow_merge_commit": "true",
                            "allow_rebase_merge": "false",
                            "allow_squash_merge": "false",
                            "archived": "false",
                            "auto_init": "true",
                            "default_branch": "master",
                            "description": "Scripts related to verify performance",
                            "etag": "W/\"6a96a8ab93101a1d1d54ebe19766d057\"",
                            "full_name": "alphagov/verify-performance-scripts",
                            "git_clone_url": "git://github.com/alphagov/verify-performance-scripts.git",
                            "has_downloads": "false",
                            "has_issues": "true",
                            "has_wiki": "true",
                            "homepage_url": "",
                            "html_url": "https://github.com/alphagov/verify-performance-scripts",
                            "http_clone_url": "https://github.com/alphagov/verify-performance-scripts.git",
                            "id": "verify-performance-scripts",
                            "name": "verify-performance-scripts",
                            "private": "false",
                            "ssh_clone_url": "git@github.com:alphagov/verify-performance-scripts.git",
                            "svn_url": "https://github.com/alphagov/verify-performance-scripts",
                            "topics.#": "0"
                        },
                        "meta": {},
                        "tainted": false
                    },
                    "deposed": [],
                    "provider": "provider.github"
                },
                "github_team_repository.repo_team_push": {
                    "type": "github_team_repository",
                    "depends_on": [
                        "data.github_team.push_teams.*",
                        "github_repository.repo"
                    ],
                    "primary": {
                        "id": "2826122:verify-performance-scripts",
                        "attributes": {
                            "etag": "W/\"dd1ad7c5c50989e95755117d4787849e\"",
                            "id": "2826122:verify-performance-scripts",
                            "permission": "push",
                            "repository": "verify-performance-scripts",
                            "team_id": "2826122"
                        },
                        "meta": {},
                        "tainted": false
                    },
                    "deposed": [],
                    "provider": "provider.github"
                }
            },
            "depends_on": []
        },
        {
            "path": [
                "root",
                "repo_verify_proxy_node"
            ],
            "outputs": {},
            "resources": {
                "data.github_team.push_teams": {
                    "type": "github_team",
                    "depends_on": [],
                    "primary": {
                        "id": "2826126",
                        "attributes": {
                            "description": "Verify tech team: verify-tech-team-eidas",
                            "id": "2826126",
                            "members.#": "13",
                            "members.0": "idrop",
                            "members.1": "chrisholmes",
                            "members.10": "JHjava",
                            "members.11": "dbes-gds",
                            "members.12": "ida-codacy-bot",
                            "members.2": "thomasalanlee",
                            "members.3": "vixus0",
                            "members.4": "CharlesIC",
                            "members.5": "ida-build-bot",
                            "members.6": "blairboy362",
                            "members.7": "Wynndow",
                            "members.8": "tomrosier",
                            "members.9": "benjamin-mortimer",
                            "name": "verify-tech-team-eidas",
                            "permission": "pull",
                            "privacy": "closed",
                            "slug": "verify-tech-team-eidas"
                        },
                        "meta": {},
                        "tainted": false
                    },
                    "deposed": [],
                    "provider": "provider.github"
                },
                "github_branch_protection.repo_protect_master": {
                    "type": "github_branch_protection",
                    "depends_on": [
                        "github_repository.repo"
                    ],
                    "primary": {
                        "id": "verify-proxy-node:master",
                        "attributes": {
                            "branch": "master",
                            "enforce_admins": "false",
                            "etag": "W/\"37e1b0a804b4906af9441ff954e1b7c9\"",
                            "id": "verify-proxy-node:master",
                            "repository": "verify-proxy-node",
                            "required_pull_request_reviews.#": "1",
                            "required_pull_request_reviews.0.dismiss_stale_reviews": "true",
                            "required_pull_request_reviews.0.dismissal_teams.#": "0",
                            "required_pull_request_reviews.0.dismissal_users.#": "0",
                            "required_pull_request_reviews.0.include_admins": "false",
                            "required_pull_request_reviews.0.require_code_owner_reviews": "false",
                            "required_status_checks.#": "0",
                            "restrictions.#": "0"
                        },
                        "meta": {},
                        "tainted": false
                    },
                    "deposed": [],
                    "provider": "provider.github"
                },
                "github_repository.repo": {
                    "type": "github_repository",
                    "depends_on": [],
                    "primary": {
                        "id": "verify-proxy-node",
                        "attributes": {
                            "allow_merge_commit": "true",
                            "allow_rebase_merge": "false",
                            "allow_squash_merge": "false",
                            "archived": "false",
                            "auto_init": "true",
                            "default_branch": "master",
                            "description": "eIDAS Proxy Node",
                            "etag": "W/\"b1dc2213938be0b4605dd23e4e90eaf9\"",
                            "full_name": "alphagov/verify-proxy-node",
                            "git_clone_url": "git://github.com/alphagov/verify-proxy-node.git",
                            "has_downloads": "false",
                            "has_issues": "true",
                            "has_wiki": "true",
                            "homepage_url": "",
                            "html_url": "https://github.com/alphagov/verify-proxy-node",
                            "http_clone_url": "https://github.com/alphagov/verify-proxy-node.git",
                            "id": "verify-proxy-node",
                            "name": "verify-proxy-node",
                            "private": "false",
                            "ssh_clone_url": "git@github.com:alphagov/verify-proxy-node.git",
                            "svn_url": "https://github.com/alphagov/verify-proxy-node",
                            "topics.#": "0"
                        },
                        "meta": {},
                        "tainted": false
                    },
                    "deposed": [],
                    "provider": "provider.github"
                },
                "github_team_repository.repo_team_push": {
                    "type": "github_team_repository",
                    "depends_on": [
                        "data.github_team.push_teams.*",
                        "github_repository.repo"
                    ],
                    "primary": {
                        "id": "2826126:verify-proxy-node",
                        "attributes": {
                            "etag": "W/\"5c7fe5e018fbd59170a21f3e41829a11\"",
                            "id": "2826126:verify-proxy-node",
                            "permission": "push",
                            "repository": "verify-proxy-node",
                            "team_id": "2826126"
                        },
                        "meta": {},
                        "tainted": false
                    },
                    "deposed": [],
                    "provider": "provider.github"
                }
            },
            "depends_on": []
        },
        {
            "path": [
                "root",
                "repo_verify_proxy_node_infra"
            ],
            "outputs": {},
            "resources": {
                "data.github_team.push_teams.0": {
                    "type": "github_team",
                    "depends_on": [],
                    "primary": {
                        "id": "2826126",
                        "attributes": {
                            "description": "Verify tech team: verify-tech-team-eidas",
                            "id": "2826126",
                            "members.#": "13",
                            "members.0": "idrop",
                            "members.1": "chrisholmes",
                            "members.10": "JHjava",
                            "members.11": "dbes-gds",
                            "members.12": "ida-codacy-bot",
                            "members.2": "thomasalanlee",
                            "members.3": "vixus0",
                            "members.4": "CharlesIC",
                            "members.5": "ida-build-bot",
                            "members.6": "blairboy362",
                            "members.7": "Wynndow",
                            "members.8": "tomrosier",
                            "members.9": "benjamin-mortimer",
                            "name": "verify-tech-team-eidas",
                            "permission": "pull",
                            "privacy": "closed",
                            "slug": "verify-tech-team-eidas"
                        },
                        "meta": {},
                        "tainted": false
                    },
                    "deposed": [],
                    "provider": "provider.github"
                },
                "data.github_team.push_teams.1": {
                    "type": "github_team",
                    "depends_on": [],
                    "primary": {
                        "id": "2826127",
                        "attributes": {
                            "description": "Verify tech team: verify-tech-team-infrastructure",
                            "id": "2826127",
                            "members.#": "19",
                            "members.0": "46bit",
                            "members.1": "issyl0",
                            "members.10": "ronocg",
                            "members.11": "smford",
                            "members.12": "blairboy362",
                            "members.13": "andy-paine",
                            "members.14": "jstandring-gds",
                            "members.15": "adityapahuja",
                            "members.16": "rhowe-gds",
                            "members.17": "matthewcullum-gds",
                            "members.18": "szd55gds",
                            "members.2": "philandstuff",
                            "members.3": "chrisholmes",
                            "members.4": "thomasalanlee",
                            "members.5": "mmhmm",
                            "members.6": "tlwr",
                            "members.7": "vixus0",
                            "members.8": "sakisv",
                            "members.9": "stephengrier",
                            "name": "verify-tech-team-infrastructure",
                            "permission": "pull",
                            "privacy": "closed",
                            "slug": "verify-tech-team-infrastructure"
                        },
                        "meta": {},
                        "tainted": false
                    },
                    "deposed": [],
                    "provider": "provider.github"
                },
                "github_branch_protection.repo_protect_master": {
                    "type": "github_branch_protection",
                    "depends_on": [
                        "github_repository.repo"
                    ],
                    "primary": {
                        "id": "verify-proxy-node-infra:master",
                        "attributes": {
                            "branch": "master",
                            "enforce_admins": "false",
                            "etag": "W/\"e55f1fa2b32e4dc4af5c1ab8bef50f98\"",
                            "id": "verify-proxy-node-infra:master",
                            "repository": "verify-proxy-node-infra",
                            "required_pull_request_reviews.#": "1",
                            "required_pull_request_reviews.0.dismiss_stale_reviews": "true",
                            "required_pull_request_reviews.0.dismissal_teams.#": "0",
                            "required_pull_request_reviews.0.dismissal_users.#": "0",
                            "required_pull_request_reviews.0.include_admins": "false",
                            "required_pull_request_reviews.0.require_code_owner_reviews": "false",
                            "required_status_checks.#": "0",
                            "restrictions.#": "0"
                        },
                        "meta": {},
                        "tainted": false
                    },
                    "deposed": [],
                    "provider": "provider.github"
                },
                "github_repository.repo": {
                    "type": "github_repository",
                    "depends_on": [],
                    "primary": {
                        "id": "verify-proxy-node-infra",
                        "attributes": {
                            "allow_merge_commit": "true",
                            "allow_rebase_merge": "false",
                            "allow_squash_merge": "false",
                            "archived": "false",
                            "auto_init": "true",
                            "default_branch": "master",
                            "description": "Verify eIDAS Proxy Node infrastructure",
                            "etag": "W/\"68c33eb4c3cc7dceefc51a53812ced06\"",
                            "full_name": "alphagov/verify-proxy-node-infra",
                            "git_clone_url": "git://github.com/alphagov/verify-proxy-node-infra.git",
                            "has_downloads": "false",
                            "has_issues": "true",
                            "has_wiki": "true",
                            "homepage_url": "",
                            "html_url": "https://github.com/alphagov/verify-proxy-node-infra",
                            "http_clone_url": "https://github.com/alphagov/verify-proxy-node-infra.git",
                            "id": "verify-proxy-node-infra",
                            "name": "verify-proxy-node-infra",
                            "private": "true",
                            "ssh_clone_url": "git@github.com:alphagov/verify-proxy-node-infra.git",
                            "svn_url": "https://github.com/alphagov/verify-proxy-node-infra",
                            "topics.#": "0"
                        },
                        "meta": {},
                        "tainted": false
                    },
                    "deposed": [],
                    "provider": "provider.github"
                },
                "github_team_repository.repo_team_push.0": {
                    "type": "github_team_repository",
                    "depends_on": [
                        "data.github_team.push_teams.*",
                        "github_repository.repo"
                    ],
                    "primary": {
                        "id": "2826126:verify-proxy-node-infra",
                        "attributes": {
                            "etag": "W/\"4f5752d9b80b79a834f4dff760a7ad50\"",
                            "id": "2826126:verify-proxy-node-infra",
                            "permission": "push",
                            "repository": "verify-proxy-node-infra",
                            "team_id": "2826126"
                        },
                        "meta": {},
                        "tainted": false
                    },
                    "deposed": [],
                    "provider": "provider.github"
                },
                "github_team_repository.repo_team_push.1": {
                    "type": "github_team_repository",
                    "depends_on": [
                        "data.github_team.push_teams.*",
                        "github_repository.repo"
                    ],
                    "primary": {
                        "id": "2826127:verify-proxy-node-infra",
                        "attributes": {
                            "etag": "W/\"4f5752d9b80b79a834f4dff760a7ad50\"",
                            "id": "2826127:verify-proxy-node-infra",
                            "permission": "push",
                            "repository": "verify-proxy-node-infra",
                            "team_id": "2826127"
                        },
                        "meta": {},
                        "tainted": false
                    },
                    "deposed": [],
                    "provider": "provider.github"
                }
            },
            "depends_on": []
        },
        {
            "path": [
                "root",
                "repo_verify_puppet"
            ],
            "outputs": {},
            "resources": {
                "data.github_team.push_teams.0": {
                    "type": "github_team",
                    "depends_on": [],
                    "primary": {
                        "id": "2826122",
                        "attributes": {
                            "description": "Verify tech team: verify-tech-team-core",
                            "id": "2826122",
                            "members.#": "30",
                            "members.0": "idrop",
                            "members.1": "46bit",
                            "members.10": "zilnhoj",
                            "members.11": "vixus0",
                            "members.12": "robinmitra",
                            "members.13": "brenetic",
                            "members.14": "nacnudus",
                            "members.15": "CharlesIC",
                            "members.16": "jkunle",
                            "members.17": "sakisv",
                            "members.18": "mikieet",
                            "members.19": "Rosa-Fox",
                            "members.2": "galund",
                            "members.20": "AnneCarr",
                            "members.21": "ida-build-bot",
                            "members.22": "chrisclayson",
                            "members.23": "blairboy362",
                            "members.24": "Wynndow",
                            "members.25": "andy-paine",
                            "members.26": "tomrosier",
                            "members.27": "bjgill",
                            "members.28": "RacingHippo",
                            "members.29": "bravegrape",
                            "members.3": "issyl0",
                            "members.4": "phantas",
                            "members.5": "philandstuff",
                            "members.6": "chrisholmes",
                            "members.7": "thomasalanlee",
                            "members.8": "tlwr",
                            "members.9": "kerrr",
                            "name": "verify-tech-team-core",
                            "permission": "pull",
                            "privacy": "closed",
                            "slug": "verify-tech-team-core"
                        },
                        "meta": {},
                        "tainted": false
                    },
                    "deposed": [],
                    "provider": "provider.github"
                },
                "data.github_team.push_teams.1": {
                    "type": "github_team",
                    "depends_on": [],
                    "primary": {
                        "id": "2826127",
                        "attributes": {
                            "description": "Verify tech team: verify-tech-team-infrastructure",
                            "id": "2826127",
                            "members.#": "19",
                            "members.0": "46bit",
                            "members.1": "issyl0",
                            "members.10": "ronocg",
                            "members.11": "smford",
                            "members.12": "blairboy362",
                            "members.13": "andy-paine",
                            "members.14": "jstandring-gds",
                            "members.15": "adityapahuja",
                            "members.16": "rhowe-gds",
                            "members.17": "matthewcullum-gds",
                            "members.18": "szd55gds",
                            "members.2": "philandstuff",
                            "members.3": "chrisholmes",
                            "members.4": "thomasalanlee",
                            "members.5": "mmhmm",
                            "members.6": "tlwr",
                            "members.7": "vixus0",
                            "members.8": "sakisv",
                            "members.9": "stephengrier",
                            "name": "verify-tech-team-infrastructure",
                            "permission": "pull",
                            "privacy": "closed",
                            "slug": "verify-tech-team-infrastructure"
                        },
                        "meta": {},
                        "tainted": false
                    },
                    "deposed": [],
                    "provider": "provider.github"
                },
                "github_branch_protection.repo_protect_master": {
                    "type": "github_branch_protection",
                    "depends_on": [],
                    "primary": {
                        "id": "verify-puppet:master",
                        "attributes": {
                            "branch": "master",
                            "enforce_admins": "false",
                            "etag": "W/\"6ca8e326635e570041dc53cf62da5ddd\"",
                            "id": "verify-puppet:master",
                            "repository": "verify-puppet",
                            "required_pull_request_reviews.#": "1",
                            "required_pull_request_reviews.0.dismiss_stale_reviews": "true",
                            "required_pull_request_reviews.0.dismissal_teams.#": "0",
                            "required_pull_request_reviews.0.dismissal_users.#": "0",
                            "required_pull_request_reviews.0.include_admins": "false",
                            "required_pull_request_reviews.0.require_code_owner_reviews": "false",
                            "required_status_checks.#": "0",
                            "restrictions.#": "0"
                        },
                        "meta": {},
                        "tainted": false
                    },
                    "deposed": [],
                    "provider": "provider.github"
                },
                "github_repository.repo": {
                    "type": "github_repository",
                    "depends_on": [],
                    "primary": {
                        "id": "verify-puppet",
                        "attributes": {
                            "allow_merge_commit": "true",
                            "allow_rebase_merge": "false",
                            "allow_squash_merge": "false",
                            "archived": "false",
                            "auto_init": "true",
                            "default_branch": "master",
                            "description": "Puppet code for GOV.UK Verify",
                            "etag": "W/\"61a9d2bc4c4657f332db6c2130c54396\"",
                            "full_name": "alphagov/verify-puppet",
                            "git_clone_url": "git://github.com/alphagov/verify-puppet.git",
                            "has_downloads": "false",
                            "has_issues": "true",
                            "has_wiki": "true",
                            "homepage_url": "",
                            "html_url": "https://github.com/alphagov/verify-puppet",
                            "http_clone_url": "https://github.com/alphagov/verify-puppet.git",
                            "id": "verify-puppet",
                            "name": "verify-puppet",
                            "private": "true",
                            "ssh_clone_url": "git@github.com:alphagov/verify-puppet.git",
                            "svn_url": "https://github.com/alphagov/verify-puppet",
                            "topics.#": "1",
                            "topics.2357015465": "verify"
                        },
                        "meta": {},
                        "tainted": false
                    },
                    "deposed": [],
                    "provider": "provider.github"
                },
                "github_team_repository.repo_team_push.0": {
                    "type": "github_team_repository",
                    "depends_on": [
                        "data.github_team.push_teams.*",
                        "github_repository.repo"
                    ],
                    "primary": {
                        "id": "2826122:verify-puppet",
                        "attributes": {
                            "etag": "W/\"cd9eafc6ee66f4bdb3c37d93e667ef0f\"",
                            "id": "2826122:verify-puppet",
                            "permission": "push",
                            "repository": "verify-puppet",
                            "team_id": "2826122"
                        },
                        "meta": {},
                        "tainted": false
                    },
                    "deposed": [],
                    "provider": "provider.github"
                },
                "github_team_repository.repo_team_push.1": {
                    "type": "github_team_repository",
                    "depends_on": [
                        "data.github_team.push_teams.*",
                        "github_repository.repo"
                    ],
                    "primary": {
                        "id": "2826127:verify-puppet",
                        "attributes": {
                            "etag": "W/\"cd9eafc6ee66f4bdb3c37d93e667ef0f\"",
                            "id": "2826127:verify-puppet",
                            "permission": "push",
                            "repository": "verify-puppet",
                            "team_id": "2826127"
                        },
                        "meta": {},
                        "tainted": false
                    },
                    "deposed": [],
                    "provider": "provider.github"
                }
            },
            "depends_on": []
        },
        {
            "path": [
                "root",
                "repo_verify_release_automation"
            ],
            "outputs": {},
            "resources": {
                "data.github_team.push_teams": {
                    "type": "github_team",
                    "depends_on": [],
                    "primary": {
                        "id": "2826122",
                        "attributes": {
                            "description": "Verify tech team: verify-tech-team-core",
                            "id": "2826122",
                            "members.#": "30",
                            "members.0": "idrop",
                            "members.1": "46bit",
                            "members.10": "zilnhoj",
                            "members.11": "vixus0",
                            "members.12": "robinmitra",
                            "members.13": "brenetic",
                            "members.14": "nacnudus",
                            "members.15": "CharlesIC",
                            "members.16": "jkunle",
                            "members.17": "sakisv",
                            "members.18": "mikieet",
                            "members.19": "Rosa-Fox",
                            "members.2": "galund",
                            "members.20": "AnneCarr",
                            "members.21": "ida-build-bot",
                            "members.22": "chrisclayson",
                            "members.23": "blairboy362",
                            "members.24": "Wynndow",
                            "members.25": "andy-paine",
                            "members.26": "tomrosier",
                            "members.27": "bjgill",
                            "members.28": "RacingHippo",
                            "members.29": "bravegrape",
                            "members.3": "issyl0",
                            "members.4": "phantas",
                            "members.5": "philandstuff",
                            "members.6": "chrisholmes",
                            "members.7": "thomasalanlee",
                            "members.8": "tlwr",
                            "members.9": "kerrr",
                            "name": "verify-tech-team-core",
                            "permission": "pull",
                            "privacy": "closed",
                            "slug": "verify-tech-team-core"
                        },
                        "meta": {},
                        "tainted": false
                    },
                    "deposed": [],
                    "provider": "provider.github"
                },
                "github_branch_protection.repo_protect_master": {
                    "type": "github_branch_protection",
                    "depends_on": [],
                    "primary": {
                        "id": "verify-release-automation:master",
                        "attributes": {
                            "branch": "master",
                            "enforce_admins": "false",
                            "etag": "W/\"b0d67ebcc161039cda3aa7e05d868960\"",
                            "id": "verify-release-automation:master",
                            "repository": "verify-release-automation",
                            "required_pull_request_reviews.#": "1",
                            "required_pull_request_reviews.0.dismiss_stale_reviews": "true",
                            "required_pull_request_reviews.0.dismissal_teams.#": "0",
                            "required_pull_request_reviews.0.dismissal_users.#": "0",
                            "required_pull_request_reviews.0.include_admins": "false",
                            "required_pull_request_reviews.0.require_code_owner_reviews": "false",
                            "required_status_checks.#": "0",
                            "restrictions.#": "0"
                        },
                        "meta": {},
                        "tainted": false
                    },
                    "deposed": [],
                    "provider": "provider.github"
                },
                "github_repository.repo": {
                    "type": "github_repository",
                    "depends_on": [],
                    "primary": {
                        "id": "verify-release-automation",
                        "attributes": {
                            "allow_merge_commit": "true",
                            "allow_rebase_merge": "false",
                            "allow_squash_merge": "false",
                            "archived": "false",
                            "auto_init": "true",
                            "default_branch": "master",
                            "description": "🚂 The Verify Release Train",
                            "etag": "W/\"f6500efa4b7238f755ace7b8ee6c6382\"",
                            "full_name": "alphagov/verify-release-automation",
                            "git_clone_url": "git://github.com/alphagov/verify-release-automation.git",
                            "has_downloads": "false",
                            "has_issues": "true",
                            "has_wiki": "true",
                            "homepage_url": "",
                            "html_url": "https://github.com/alphagov/verify-release-automation",
                            "http_clone_url": "https://github.com/alphagov/verify-release-automation.git",
                            "id": "verify-release-automation",
                            "name": "verify-release-automation",
                            "private": "true",
                            "ssh_clone_url": "git@github.com:alphagov/verify-release-automation.git",
                            "svn_url": "https://github.com/alphagov/verify-release-automation",
                            "topics.#": "1",
                            "topics.2357015465": "verify"
                        },
                        "meta": {},
                        "tainted": false
                    },
                    "deposed": [],
                    "provider": "provider.github"
                },
                "github_team_repository.repo_team_push": {
                    "type": "github_team_repository",
                    "depends_on": [
                        "data.github_team.push_teams.*",
                        "github_repository.repo"
                    ],
                    "primary": {
                        "id": "2826122:verify-release-automation",
                        "attributes": {
                            "etag": "W/\"1403c2063b1d9344000203f794d931b2\"",
                            "id": "2826122:verify-release-automation",
                            "permission": "push",
                            "repository": "verify-release-automation",
                            "team_id": "2826122"
                        },
                        "meta": {},
                        "tainted": false
                    },
                    "deposed": [],
                    "provider": "provider.github"
                }
            },
            "depends_on": []
        },
        {
            "path": [
                "root",
                "repo_verify_release_logs"
            ],
            "outputs": {},
            "resources": {
                "data.github_team.push_teams": {
                    "type": "github_team",
                    "depends_on": [],
                    "primary": {
                        "id": "2826122",
                        "attributes": {
                            "description": "Verify tech team: verify-tech-team-core",
                            "id": "2826122",
                            "members.#": "30",
                            "members.0": "idrop",
                            "members.1": "46bit",
                            "members.10": "zilnhoj",
                            "members.11": "vixus0",
                            "members.12": "robinmitra",
                            "members.13": "brenetic",
                            "members.14": "nacnudus",
                            "members.15": "CharlesIC",
                            "members.16": "jkunle",
                            "members.17": "sakisv",
                            "members.18": "mikieet",
                            "members.19": "Rosa-Fox",
                            "members.2": "galund",
                            "members.20": "AnneCarr",
                            "members.21": "ida-build-bot",
                            "members.22": "chrisclayson",
                            "members.23": "blairboy362",
                            "members.24": "Wynndow",
                            "members.25": "andy-paine",
                            "members.26": "tomrosier",
                            "members.27": "bjgill",
                            "members.28": "RacingHippo",
                            "members.29": "bravegrape",
                            "members.3": "issyl0",
                            "members.4": "phantas",
                            "members.5": "philandstuff",
                            "members.6": "chrisholmes",
                            "members.7": "thomasalanlee",
                            "members.8": "tlwr",
                            "members.9": "kerrr",
                            "name": "verify-tech-team-core",
                            "permission": "pull",
                            "privacy": "closed",
                            "slug": "verify-tech-team-core"
                        },
                        "meta": {},
                        "tainted": false
                    },
                    "deposed": [],
                    "provider": "provider.github"
                },
                "github_branch_protection.repo_protect_master": {
                    "type": "github_branch_protection",
                    "depends_on": [
                        "github_repository.repo"
                    ],
                    "primary": {
                        "id": "verify-release-logs:master",
                        "attributes": {
                            "branch": "master",
                            "enforce_admins": "false",
                            "etag": "W/\"2747bf934fe778d7d410a4a6d3894593\"",
                            "id": "verify-release-logs:master",
                            "repository": "verify-release-logs",
                            "required_pull_request_reviews.#": "1",
                            "required_pull_request_reviews.0.dismiss_stale_reviews": "true",
                            "required_pull_request_reviews.0.dismissal_teams.#": "0",
                            "required_pull_request_reviews.0.dismissal_users.#": "0",
                            "required_pull_request_reviews.0.include_admins": "false",
                            "required_pull_request_reviews.0.require_code_owner_reviews": "false",
                            "required_status_checks.#": "0",
                            "restrictions.#": "0"
                        },
                        "meta": {},
                        "tainted": false
                    },
                    "deposed": [],
                    "provider": "provider.github"
                },
                "github_repository.repo": {
                    "type": "github_repository",
                    "depends_on": [],
                    "primary": {
                        "id": "verify-release-logs",
                        "attributes": {
                            "allow_merge_commit": "true",
                            "allow_rebase_merge": "false",
                            "allow_squash_merge": "false",
                            "archived": "false",
                            "default_branch": "master",
                            "description": "Logs of releases generated from the verify-release-automation tool",
                            "etag": "W/\"1b9eb97f7a05ca583a398b06b923f8d2\"",
                            "full_name": "alphagov/verify-release-logs",
                            "git_clone_url": "git://github.com/alphagov/verify-release-logs.git",
                            "has_downloads": "false",
                            "has_issues": "true",
                            "has_wiki": "true",
                            "homepage_url": "",
                            "html_url": "https://github.com/alphagov/verify-release-logs",
                            "http_clone_url": "https://github.com/alphagov/verify-release-logs.git",
                            "id": "verify-release-logs",
                            "name": "verify-release-logs",
                            "private": "true",
                            "ssh_clone_url": "git@github.com:alphagov/verify-release-logs.git",
                            "svn_url": "https://github.com/alphagov/verify-release-logs",
                            "topics.#": "1",
                            "topics.2357015465": "verify"
                        },
                        "meta": {},
                        "tainted": false
                    },
                    "deposed": [],
                    "provider": "provider.github"
                },
                "github_team_repository.repo_team_push": {
                    "type": "github_team_repository",
                    "depends_on": [
                        "data.github_team.push_teams.*",
                        "github_repository.repo"
                    ],
                    "primary": {
                        "id": "2826122:verify-release-logs",
                        "attributes": {
                            "etag": "W/\"559935428db37223a5393920c4a3171b\"",
                            "id": "2826122:verify-release-logs",
                            "permission": "push",
                            "repository": "verify-release-logs",
                            "team_id": "2826122"
                        },
                        "meta": {},
                        "tainted": false
                    },
                    "deposed": [],
                    "provider": "provider.github"
                }
            },
            "depends_on": []
        },
        {
            "path": [
                "root",
                "repo_verify_rp_environment_config_form"
            ],
            "outputs": {},
            "resources": {
                "data.github_team.push_teams": {
                    "type": "github_team",
                    "depends_on": [],
                    "primary": {
                        "id": "2826122",
                        "attributes": {
                            "description": "Verify tech team: verify-tech-team-core",
                            "id": "2826122",
                            "members.#": "30",
                            "members.0": "idrop",
                            "members.1": "46bit",
                            "members.10": "zilnhoj",
                            "members.11": "vixus0",
                            "members.12": "robinmitra",
                            "members.13": "brenetic",
                            "members.14": "nacnudus",
                            "members.15": "CharlesIC",
                            "members.16": "jkunle",
                            "members.17": "sakisv",
                            "members.18": "mikieet",
                            "members.19": "Rosa-Fox",
                            "members.2": "galund",
                            "members.20": "AnneCarr",
                            "members.21": "ida-build-bot",
                            "members.22": "chrisclayson",
                            "members.23": "blairboy362",
                            "members.24": "Wynndow",
                            "members.25": "andy-paine",
                            "members.26": "tomrosier",
                            "members.27": "bjgill",
                            "members.28": "RacingHippo",
                            "members.29": "bravegrape",
                            "members.3": "issyl0",
                            "members.4": "phantas",
                            "members.5": "philandstuff",
                            "members.6": "chrisholmes",
                            "members.7": "thomasalanlee",
                            "members.8": "tlwr",
                            "members.9": "kerrr",
                            "name": "verify-tech-team-core",
                            "permission": "pull",
                            "privacy": "closed",
                            "slug": "verify-tech-team-core"
                        },
                        "meta": {},
                        "tainted": false
                    },
                    "deposed": [],
                    "provider": "provider.github"
                },
                "github_branch_protection.repo_protect_master": {
                    "type": "github_branch_protection",
                    "depends_on": [],
                    "primary": {
                        "id": "verify-rp-environment-config-form:master",
                        "attributes": {
                            "branch": "master",
                            "enforce_admins": "false",
                            "etag": "W/\"7602160d5de68d4a79c52941367be09e\"",
                            "id": "verify-rp-environment-config-form:master",
                            "repository": "verify-rp-environment-config-form",
                            "required_pull_request_reviews.#": "1",
                            "required_pull_request_reviews.0.dismiss_stale_reviews": "true",
                            "required_pull_request_reviews.0.dismissal_teams.#": "0",
                            "required_pull_request_reviews.0.dismissal_users.#": "0",
                            "required_pull_request_reviews.0.include_admins": "false",
                            "required_pull_request_reviews.0.require_code_owner_reviews": "false",
                            "required_status_checks.#": "0",
                            "restrictions.#": "0"
                        },
                        "meta": {},
                        "tainted": false
                    },
                    "deposed": [],
                    "provider": "provider.github"
                },
                "github_repository.repo": {
                    "type": "github_repository",
                    "depends_on": [],
                    "primary": {
                        "id": "verify-rp-environment-config-form",
                        "attributes": {
                            "allow_merge_commit": "true",
                            "allow_rebase_merge": "false",
                            "allow_squash_merge": "false",
                            "archived": "false",
                            "auto_init": "true",
                            "default_branch": "master",
                            "description": " :page_with_curl: The form for relying parties to provide Verify with environment configuration",
                            "etag": "W/\"b584d1c0fd1a2ef5938b9a1f4bcf299b\"",
                            "full_name": "alphagov/verify-rp-environment-config-form",
                            "git_clone_url": "git://github.com/alphagov/verify-rp-environment-config-form.git",
                            "has_downloads": "false",
                            "has_issues": "true",
                            "has_wiki": "true",
                            "homepage_url": "",
                            "html_url": "https://github.com/alphagov/verify-rp-environment-config-form",
                            "http_clone_url": "https://github.com/alphagov/verify-rp-environment-config-form.git",
                            "id": "verify-rp-environment-config-form",
                            "name": "verify-rp-environment-config-form",
                            "private": "false",
                            "ssh_clone_url": "git@github.com:alphagov/verify-rp-environment-config-form.git",
                            "svn_url": "https://github.com/alphagov/verify-rp-environment-config-form",
                            "topics.#": "1",
                            "topics.2357015465": "verify"
                        },
                        "meta": {},
                        "tainted": false
                    },
                    "deposed": [],
                    "provider": "provider.github"
                },
                "github_team_repository.repo_team_push": {
                    "type": "github_team_repository",
                    "depends_on": [
                        "data.github_team.push_teams.*",
                        "github_repository.repo"
                    ],
                    "primary": {
                        "id": "2826122:verify-rp-environment-config-form",
                        "attributes": {
                            "etag": "W/\"a9c99ebd62e375c1fb32bb42fec71df7\"",
                            "id": "2826122:verify-rp-environment-config-form",
                            "permission": "push",
                            "repository": "verify-rp-environment-config-form",
                            "team_id": "2826122"
                        },
                        "meta": {},
                        "tainted": false
                    },
                    "deposed": [],
                    "provider": "provider.github"
                }
            },
            "depends_on": []
        },
        {
            "path": [
                "root",
                "repo_verify_saml_libs"
            ],
            "outputs": {},
            "resources": {
                "data.github_team.push_teams": {
                    "type": "github_team",
                    "depends_on": [],
                    "primary": {
                        "id": "2826122",
                        "attributes": {
                            "description": "Verify tech team: verify-tech-team-core",
                            "id": "2826122",
                            "members.#": "30",
                            "members.0": "idrop",
                            "members.1": "46bit",
                            "members.10": "zilnhoj",
                            "members.11": "vixus0",
                            "members.12": "robinmitra",
                            "members.13": "brenetic",
                            "members.14": "nacnudus",
                            "members.15": "CharlesIC",
                            "members.16": "jkunle",
                            "members.17": "sakisv",
                            "members.18": "mikieet",
                            "members.19": "Rosa-Fox",
                            "members.2": "galund",
                            "members.20": "AnneCarr",
                            "members.21": "ida-build-bot",
                            "members.22": "chrisclayson",
                            "members.23": "blairboy362",
                            "members.24": "Wynndow",
                            "members.25": "andy-paine",
                            "members.26": "tomrosier",
                            "members.27": "bjgill",
                            "members.28": "RacingHippo",
                            "members.29": "bravegrape",
                            "members.3": "issyl0",
                            "members.4": "phantas",
                            "members.5": "philandstuff",
                            "members.6": "chrisholmes",
                            "members.7": "thomasalanlee",
                            "members.8": "tlwr",
                            "members.9": "kerrr",
                            "name": "verify-tech-team-core",
                            "permission": "pull",
                            "privacy": "closed",
                            "slug": "verify-tech-team-core"
                        },
                        "meta": {},
                        "tainted": false
                    },
                    "deposed": [],
                    "provider": "provider.github"
                },
                "github_branch_protection.repo_protect_master": {
                    "type": "github_branch_protection",
                    "depends_on": [],
                    "primary": {
                        "id": "verify-saml-libs:master",
                        "attributes": {
                            "branch": "master",
                            "enforce_admins": "false",
                            "etag": "W/\"4a7f9fb9a9081b5bf0bb9e9c27e6397c\"",
                            "id": "verify-saml-libs:master",
                            "repository": "verify-saml-libs",
                            "required_pull_request_reviews.#": "1",
                            "required_pull_request_reviews.0.dismiss_stale_reviews": "true",
                            "required_pull_request_reviews.0.dismissal_teams.#": "0",
                            "required_pull_request_reviews.0.dismissal_users.#": "0",
                            "required_pull_request_reviews.0.include_admins": "false",
                            "required_pull_request_reviews.0.require_code_owner_reviews": "false",
                            "required_status_checks.#": "0",
                            "restrictions.#": "0"
                        },
                        "meta": {},
                        "tainted": false
                    },
                    "deposed": [],
                    "provider": "provider.github"
                },
                "github_repository.repo": {
                    "type": "github_repository",
                    "depends_on": [],
                    "primary": {
                        "id": "verify-saml-libs",
                        "attributes": {
                            "allow_merge_commit": "true",
                            "allow_rebase_merge": "false",
                            "allow_squash_merge": "false",
                            "archived": "false",
                            "auto_init": "true",
                            "default_branch": "master",
                            "description": "Verify SAML Libraries 📚",
                            "etag": "W/\"2de67330ccb962a896871b2a23e0b5fc\"",
                            "full_name": "alphagov/verify-saml-libs",
                            "git_clone_url": "git://github.com/alphagov/verify-saml-libs.git",
                            "has_downloads": "false",
                            "has_issues": "true",
                            "has_wiki": "true",
                            "homepage_url": "",
                            "html_url": "https://github.com/alphagov/verify-saml-libs",
                            "http_clone_url": "https://github.com/alphagov/verify-saml-libs.git",
                            "id": "verify-saml-libs",
                            "name": "verify-saml-libs",
                            "private": "false",
                            "ssh_clone_url": "git@github.com:alphagov/verify-saml-libs.git",
                            "svn_url": "https://github.com/alphagov/verify-saml-libs",
                            "topics.#": "2",
                            "topics.2357015465": "verify",
                            "topics.3280365720": "saml"
                        },
                        "meta": {},
                        "tainted": false
                    },
                    "deposed": [],
                    "provider": "provider.github"
                },
                "github_team_repository.repo_team_push": {
                    "type": "github_team_repository",
                    "depends_on": [
                        "data.github_team.teams.*",
                        "github_repository.repo"
                    ],
                    "primary": {
                        "id": "2826122:verify-saml-libs",
                        "attributes": {
                            "etag": "W/\"6ab851c712602c2c5f47f14719d4a57e\"",
                            "id": "2826122:verify-saml-libs",
                            "permission": "push",
                            "repository": "verify-saml-libs",
                            "team_id": "2826122"
                        },
                        "meta": {},
                        "tainted": false
                    },
                    "deposed": [],
                    "provider": "provider.github"
                }
            },
            "depends_on": []
        },
        {
            "path": [
                "root",
                "repo_verify_self_service"
            ],
            "outputs": {},
            "resources": {
                "data.github_team.push_teams": {
                    "type": "github_team",
                    "depends_on": [],
                    "primary": {
                        "id": "2826122",
                        "attributes": {
                            "description": "Verify tech team: verify-tech-team-core",
                            "id": "2826122",
                            "members.#": "30",
                            "members.0": "idrop",
                            "members.1": "46bit",
                            "members.10": "zilnhoj",
                            "members.11": "vixus0",
                            "members.12": "robinmitra",
                            "members.13": "brenetic",
                            "members.14": "nacnudus",
                            "members.15": "CharlesIC",
                            "members.16": "jkunle",
                            "members.17": "sakisv",
                            "members.18": "mikieet",
                            "members.19": "Rosa-Fox",
                            "members.2": "galund",
                            "members.20": "AnneCarr",
                            "members.21": "ida-build-bot",
                            "members.22": "chrisclayson",
                            "members.23": "blairboy362",
                            "members.24": "Wynndow",
                            "members.25": "andy-paine",
                            "members.26": "tomrosier",
                            "members.27": "bjgill",
                            "members.28": "RacingHippo",
                            "members.29": "bravegrape",
                            "members.3": "issyl0",
                            "members.4": "phantas",
                            "members.5": "philandstuff",
                            "members.6": "chrisholmes",
                            "members.7": "thomasalanlee",
                            "members.8": "tlwr",
                            "members.9": "kerrr",
                            "name": "verify-tech-team-core",
                            "permission": "pull",
                            "privacy": "closed",
                            "slug": "verify-tech-team-core"
                        },
                        "meta": {},
                        "tainted": false
                    },
                    "deposed": [],
                    "provider": "provider.github"
                },
                "github_branch_protection.repo_protect_master": {
                    "type": "github_branch_protection",
                    "depends_on": [
                        "github_repository.repo"
                    ],
                    "primary": {
                        "id": "verify-self-service:master",
                        "attributes": {
                            "branch": "master",
                            "enforce_admins": "false",
                            "etag": "W/\"1413624908c7b3aaf05fd6088cfa8cb7\"",
                            "id": "verify-self-service:master",
                            "repository": "verify-self-service",
                            "required_pull_request_reviews.#": "1",
                            "required_pull_request_reviews.0.dismiss_stale_reviews": "true",
                            "required_pull_request_reviews.0.dismissal_teams.#": "0",
                            "required_pull_request_reviews.0.dismissal_users.#": "0",
                            "required_pull_request_reviews.0.include_admins": "false",
                            "required_pull_request_reviews.0.require_code_owner_reviews": "false",
                            "required_status_checks.#": "0",
                            "restrictions.#": "0"
                        },
                        "meta": {},
                        "tainted": false
                    },
                    "deposed": [],
                    "provider": "provider.github"
                },
                "github_repository.repo": {
                    "type": "github_repository",
                    "depends_on": [],
                    "primary": {
                        "id": "verify-self-service",
                        "attributes": {
                            "allow_merge_commit": "true",
                            "allow_rebase_merge": "false",
                            "allow_squash_merge": "false",
                            "archived": "false",
                            "default_branch": "master",
                            "description": "Verify self-service platform",
                            "etag": "W/\"bb6422afc72ff8025469c0bd08c48074\"",
                            "full_name": "alphagov/verify-self-service",
                            "git_clone_url": "git://github.com/alphagov/verify-self-service.git",
                            "has_downloads": "false",
                            "has_issues": "true",
                            "has_wiki": "true",
                            "homepage_url": "",
                            "html_url": "https://github.com/alphagov/verify-self-service",
                            "http_clone_url": "https://github.com/alphagov/verify-self-service.git",
                            "id": "verify-self-service",
                            "name": "verify-self-service",
                            "private": "false",
                            "ssh_clone_url": "git@github.com:alphagov/verify-self-service.git",
                            "svn_url": "https://github.com/alphagov/verify-self-service",
                            "topics.#": "1",
                            "topics.2357015465": "verify"
                        },
                        "meta": {},
                        "tainted": false
                    },
                    "deposed": [],
                    "provider": "provider.github"
                },
                "github_team_repository.repo_team_push": {
                    "type": "github_team_repository",
                    "depends_on": [
                        "data.github_team.push_teams.*",
                        "github_repository.repo"
                    ],
                    "primary": {
                        "id": "2826122:verify-self-service",
                        "attributes": {
                            "etag": "W/\"aacd319151f0710124bb2b00595cf0c3\"",
                            "id": "2826122:verify-self-service",
                            "permission": "push",
                            "repository": "verify-self-service",
                            "team_id": "2826122"
                        },
                        "meta": {},
                        "tainted": false
                    },
                    "deposed": [],
                    "provider": "provider.github"
                }
            },
            "depends_on": []
        },
        {
            "path": [
                "root",
                "repo_verify_service_provider"
            ],
            "outputs": {},
            "resources": {
                "data.github_team.push_teams": {
                    "type": "github_team",
                    "depends_on": [],
                    "primary": {
                        "id": "2826122",
                        "attributes": {
                            "description": "Verify tech team: verify-tech-team-core",
                            "id": "2826122",
                            "members.#": "30",
                            "members.0": "idrop",
                            "members.1": "46bit",
                            "members.10": "zilnhoj",
                            "members.11": "vixus0",
                            "members.12": "robinmitra",
                            "members.13": "brenetic",
                            "members.14": "nacnudus",
                            "members.15": "CharlesIC",
                            "members.16": "jkunle",
                            "members.17": "sakisv",
                            "members.18": "mikieet",
                            "members.19": "Rosa-Fox",
                            "members.2": "galund",
                            "members.20": "AnneCarr",
                            "members.21": "ida-build-bot",
                            "members.22": "chrisclayson",
                            "members.23": "blairboy362",
                            "members.24": "Wynndow",
                            "members.25": "andy-paine",
                            "members.26": "tomrosier",
                            "members.27": "bjgill",
                            "members.28": "RacingHippo",
                            "members.29": "bravegrape",
                            "members.3": "issyl0",
                            "members.4": "phantas",
                            "members.5": "philandstuff",
                            "members.6": "chrisholmes",
                            "members.7": "thomasalanlee",
                            "members.8": "tlwr",
                            "members.9": "kerrr",
                            "name": "verify-tech-team-core",
                            "permission": "pull",
                            "privacy": "closed",
                            "slug": "verify-tech-team-core"
                        },
                        "meta": {},
                        "tainted": false
                    },
                    "deposed": [],
                    "provider": "provider.github"
                },
                "github_branch_protection.repo_protect_master": {
                    "type": "github_branch_protection",
                    "depends_on": [],
                    "primary": {
                        "id": "verify-service-provider:master",
                        "attributes": {
                            "branch": "master",
                            "enforce_admins": "false",
                            "etag": "W/\"4db25f89f5033039748480507ae5aca5\"",
                            "id": "verify-service-provider:master",
                            "repository": "verify-service-provider",
                            "required_pull_request_reviews.#": "1",
                            "required_pull_request_reviews.0.dismiss_stale_reviews": "true",
                            "required_pull_request_reviews.0.dismissal_teams.#": "0",
                            "required_pull_request_reviews.0.dismissal_users.#": "0",
                            "required_pull_request_reviews.0.include_admins": "false",
                            "required_pull_request_reviews.0.require_code_owner_reviews": "false",
                            "required_status_checks.#": "0",
                            "restrictions.#": "0"
                        },
                        "meta": {},
                        "tainted": false
                    },
                    "deposed": [],
                    "provider": "provider.github"
                },
                "github_repository.repo": {
                    "type": "github_repository",
                    "depends_on": [],
                    "primary": {
                        "id": "verify-service-provider",
                        "attributes": {
                            "allow_merge_commit": "true",
                            "allow_rebase_merge": "false",
                            "allow_squash_merge": "false",
                            "archived": "false",
                            "auto_init": "true",
                            "default_branch": "master",
                            "description": ":crown: :ballot_box_with_check: The easiest way to connect to GOV.UK Verify",
                            "etag": "W/\"fed0c2ccda76e817541c1c9d7a4feb4a\"",
                            "full_name": "alphagov/verify-service-provider",
                            "git_clone_url": "git://github.com/alphagov/verify-service-provider.git",
                            "has_downloads": "false",
                            "has_issues": "true",
                            "has_wiki": "true",
                            "homepage_url": "",
                            "html_url": "https://github.com/alphagov/verify-service-provider",
                            "http_clone_url": "https://github.com/alphagov/verify-service-provider.git",
                            "id": "verify-service-provider",
                            "name": "verify-service-provider",
                            "private": "false",
                            "ssh_clone_url": "git@github.com:alphagov/verify-service-provider.git",
                            "svn_url": "https://github.com/alphagov/verify-service-provider",
                            "topics.#": "2",
                            "topics.2275409296": "dropwizard",
                            "topics.2357015465": "verify"
                        },
                        "meta": {},
                        "tainted": false
                    },
                    "deposed": [],
                    "provider": "provider.github"
                },
                "github_team_repository.repo_team_push": {
                    "type": "github_team_repository",
                    "depends_on": [
                        "data.github_team.push_teams.*",
                        "github_repository.repo"
                    ],
                    "primary": {
                        "id": "2826122:verify-service-provider",
                        "attributes": {
                            "etag": "W/\"6c4e004a5c88da473a1f3b4328c102bc\"",
                            "id": "2826122:verify-service-provider",
                            "permission": "push",
                            "repository": "verify-service-provider",
                            "team_id": "2826122"
                        },
                        "meta": {},
                        "tainted": false
                    },
                    "deposed": [],
                    "provider": "provider.github"
                }
            },
            "depends_on": []
        },
        {
            "path": [
                "root",
                "repo_verify_stub_idp"
            ],
            "outputs": {},
            "resources": {
                "data.github_team.push_teams": {
                    "type": "github_team",
                    "depends_on": [],
                    "primary": {
                        "id": "2826122",
                        "attributes": {
                            "description": "Verify tech team: verify-tech-team-core",
                            "id": "2826122",
                            "members.#": "30",
                            "members.0": "idrop",
                            "members.1": "46bit",
                            "members.10": "zilnhoj",
                            "members.11": "vixus0",
                            "members.12": "robinmitra",
                            "members.13": "brenetic",
                            "members.14": "nacnudus",
                            "members.15": "CharlesIC",
                            "members.16": "jkunle",
                            "members.17": "sakisv",
                            "members.18": "mikieet",
                            "members.19": "Rosa-Fox",
                            "members.2": "galund",
                            "members.20": "AnneCarr",
                            "members.21": "ida-build-bot",
                            "members.22": "chrisclayson",
                            "members.23": "blairboy362",
                            "members.24": "Wynndow",
                            "members.25": "andy-paine",
                            "members.26": "tomrosier",
                            "members.27": "bjgill",
                            "members.28": "RacingHippo",
                            "members.29": "bravegrape",
                            "members.3": "issyl0",
                            "members.4": "phantas",
                            "members.5": "philandstuff",
                            "members.6": "chrisholmes",
                            "members.7": "thomasalanlee",
                            "members.8": "tlwr",
                            "members.9": "kerrr",
                            "name": "verify-tech-team-core",
                            "permission": "pull",
                            "privacy": "closed",
                            "slug": "verify-tech-team-core"
                        },
                        "meta": {},
                        "tainted": false
                    },
                    "deposed": [],
                    "provider": "provider.github"
                },
                "github_branch_protection.repo_protect_master": {
                    "type": "github_branch_protection",
                    "depends_on": [],
                    "primary": {
                        "id": "verify-stub-idp:master",
                        "attributes": {
                            "branch": "master",
                            "enforce_admins": "false",
                            "etag": "W/\"b592c42039b87ab07c4d01226d045826\"",
                            "id": "verify-stub-idp:master",
                            "repository": "verify-stub-idp",
                            "required_pull_request_reviews.#": "1",
                            "required_pull_request_reviews.0.dismiss_stale_reviews": "true",
                            "required_pull_request_reviews.0.dismissal_teams.#": "0",
                            "required_pull_request_reviews.0.dismissal_users.#": "0",
                            "required_pull_request_reviews.0.include_admins": "false",
                            "required_pull_request_reviews.0.require_code_owner_reviews": "false",
                            "required_status_checks.#": "0",
                            "restrictions.#": "0"
                        },
                        "meta": {},
                        "tainted": false
                    },
                    "deposed": [],
                    "provider": "provider.github"
                },
                "github_repository.repo": {
                    "type": "github_repository",
                    "depends_on": [],
                    "primary": {
                        "id": "verify-stub-idp",
                        "attributes": {
                            "allow_merge_commit": "true",
                            "allow_rebase_merge": "false",
                            "allow_squash_merge": "false",
                            "archived": "false",
                            "auto_init": "true",
                            "default_branch": "master",
                            "description": "Stub Identity Provider and Stub eIDAS Proxy Service Node used for testing GOV.UK Verify",
                            "etag": "W/\"0f256ae11136bafe1173d1e9eec635ff\"",
                            "full_name": "alphagov/verify-stub-idp",
                            "git_clone_url": "git://github.com/alphagov/verify-stub-idp.git",
                            "has_downloads": "false",
                            "has_issues": "true",
                            "has_wiki": "true",
                            "homepage_url": "",
                            "html_url": "https://github.com/alphagov/verify-stub-idp",
                            "http_clone_url": "https://github.com/alphagov/verify-stub-idp.git",
                            "id": "verify-stub-idp",
                            "name": "verify-stub-idp",
                            "private": "false",
                            "ssh_clone_url": "git@github.com:alphagov/verify-stub-idp.git",
                            "svn_url": "https://github.com/alphagov/verify-stub-idp",
                            "topics.#": "4",
                            "topics.2357015465": "verify",
                            "topics.3061879995": "idp",
                            "topics.687280243": "stub",
                            "topics.898705444": "eidas"
                        },
                        "meta": {},
                        "tainted": false
                    },
                    "deposed": [],
                    "provider": "provider.github"
                },
                "github_team_repository.repo_team_push": {
                    "type": "github_team_repository",
                    "depends_on": [
                        "data.github_team.teams.*",
                        "github_repository.repo"
                    ],
                    "primary": {
                        "id": "2826122:verify-stub-idp",
                        "attributes": {
                            "etag": "W/\"6f62598165312af0769c4c1395493282\"",
                            "id": "2826122:verify-stub-idp",
                            "permission": "push",
                            "repository": "verify-stub-idp",
                            "team_id": "2826122"
                        },
                        "meta": {},
                        "tainted": false
                    },
                    "deposed": [],
                    "provider": "provider.github"
                }
            },
            "depends_on": []
        },
        {
            "path": [
                "root",
                "repo_verify_stub_idp_federation_config"
            ],
            "outputs": {},
            "resources": {
                "data.github_team.push_teams": {
                    "type": "github_team",
                    "depends_on": [],
                    "primary": {
                        "id": "2826122",
                        "attributes": {
                            "description": "Verify tech team: verify-tech-team-core",
                            "id": "2826122",
                            "members.#": "30",
                            "members.0": "idrop",
                            "members.1": "46bit",
                            "members.10": "zilnhoj",
                            "members.11": "vixus0",
                            "members.12": "robinmitra",
                            "members.13": "brenetic",
                            "members.14": "nacnudus",
                            "members.15": "CharlesIC",
                            "members.16": "jkunle",
                            "members.17": "sakisv",
                            "members.18": "mikieet",
                            "members.19": "Rosa-Fox",
                            "members.2": "galund",
                            "members.20": "AnneCarr",
                            "members.21": "ida-build-bot",
                            "members.22": "chrisclayson",
                            "members.23": "blairboy362",
                            "members.24": "Wynndow",
                            "members.25": "andy-paine",
                            "members.26": "tomrosier",
                            "members.27": "bjgill",
                            "members.28": "RacingHippo",
                            "members.29": "bravegrape",
                            "members.3": "issyl0",
                            "members.4": "phantas",
                            "members.5": "philandstuff",
                            "members.6": "chrisholmes",
                            "members.7": "thomasalanlee",
                            "members.8": "tlwr",
                            "members.9": "kerrr",
                            "name": "verify-tech-team-core",
                            "permission": "pull",
                            "privacy": "closed",
                            "slug": "verify-tech-team-core"
                        },
                        "meta": {},
                        "tainted": false
                    },
                    "deposed": [],
                    "provider": "provider.github"
                },
                "github_branch_protection.repo_protect_master": {
                    "type": "github_branch_protection",
                    "depends_on": [
                        "github_repository.repo"
                    ],
                    "primary": {
                        "id": "verify-stub-idp-federation-config:master",
                        "attributes": {
                            "branch": "master",
                            "enforce_admins": "false",
                            "etag": "W/\"0d31d800487684bc06f1437ce147ce16\"",
                            "id": "verify-stub-idp-federation-config:master",
                            "repository": "verify-stub-idp-federation-config",
                            "required_pull_request_reviews.#": "1",
                            "required_pull_request_reviews.0.dismiss_stale_reviews": "true",
                            "required_pull_request_reviews.0.dismissal_teams.#": "0",
                            "required_pull_request_reviews.0.dismissal_users.#": "0",
                            "required_pull_request_reviews.0.include_admins": "false",
                            "required_pull_request_reviews.0.require_code_owner_reviews": "false",
                            "required_status_checks.#": "0",
                            "restrictions.#": "0"
                        },
                        "meta": {},
                        "tainted": false
                    },
                    "deposed": [],
                    "provider": "provider.github"
                },
                "github_repository.repo": {
                    "type": "github_repository",
                    "depends_on": [],
                    "primary": {
                        "id": "verify-stub-idp-federation-config",
                        "attributes": {
                            "allow_merge_commit": "true",
                            "allow_rebase_merge": "false",
                            "allow_squash_merge": "false",
                            "archived": "false",
                            "auto_init": "true",
                            "default_branch": "master",
                            "description": "Federation config for verify-stub-idp",
                            "etag": "W/\"a9f070b76830a04c3cea6702040a6a88\"",
                            "full_name": "alphagov/verify-stub-idp-federation-config",
                            "git_clone_url": "git://github.com/alphagov/verify-stub-idp-federation-config.git",
                            "has_downloads": "false",
                            "has_issues": "true",
                            "has_wiki": "true",
                            "homepage_url": "",
                            "html_url": "https://github.com/alphagov/verify-stub-idp-federation-config",
                            "http_clone_url": "https://github.com/alphagov/verify-stub-idp-federation-config.git",
                            "id": "verify-stub-idp-federation-config",
                            "name": "verify-stub-idp-federation-config",
                            "private": "true",
                            "ssh_clone_url": "git@github.com:alphagov/verify-stub-idp-federation-config.git",
                            "svn_url": "https://github.com/alphagov/verify-stub-idp-federation-config",
                            "topics.#": "1",
                            "topics.2357015465": "verify"
                        },
                        "meta": {},
                        "tainted": false
                    },
                    "deposed": [],
                    "provider": "provider.github"
                },
                "github_team_repository.repo_team_push": {
                    "type": "github_team_repository",
                    "depends_on": [
                        "data.github_team.teams.*",
                        "github_repository.repo"
                    ],
                    "primary": {
                        "id": "2826122:verify-stub-idp-federation-config",
                        "attributes": {
                            "etag": "W/\"55efea9ac859ffbeb589443f6cdd8f55\"",
                            "id": "2826122:verify-stub-idp-federation-config",
                            "permission": "push",
                            "repository": "verify-stub-idp-federation-config",
                            "team_id": "2826122"
                        },
                        "meta": {},
                        "tainted": false
                    },
                    "deposed": [],
                    "provider": "provider.github"
                }
            },
            "depends_on": []
        },
        {
            "path": [
                "root",
                "repo_verify_support_form"
            ],
            "outputs": {},
            "resources": {
                "data.github_team.push_teams": {
                    "type": "github_team",
                    "depends_on": [],
                    "primary": {
                        "id": "2826122",
                        "attributes": {
                            "description": "Verify tech team: verify-tech-team-core",
                            "id": "2826122",
                            "members.#": "30",
                            "members.0": "idrop",
                            "members.1": "46bit",
                            "members.10": "zilnhoj",
                            "members.11": "vixus0",
                            "members.12": "robinmitra",
                            "members.13": "brenetic",
                            "members.14": "nacnudus",
                            "members.15": "CharlesIC",
                            "members.16": "jkunle",
                            "members.17": "sakisv",
                            "members.18": "mikieet",
                            "members.19": "Rosa-Fox",
                            "members.2": "galund",
                            "members.20": "AnneCarr",
                            "members.21": "ida-build-bot",
                            "members.22": "chrisclayson",
                            "members.23": "blairboy362",
                            "members.24": "Wynndow",
                            "members.25": "andy-paine",
                            "members.26": "tomrosier",
                            "members.27": "bjgill",
                            "members.28": "RacingHippo",
                            "members.29": "bravegrape",
                            "members.3": "issyl0",
                            "members.4": "phantas",
                            "members.5": "philandstuff",
                            "members.6": "chrisholmes",
                            "members.7": "thomasalanlee",
                            "members.8": "tlwr",
                            "members.9": "kerrr",
                            "name": "verify-tech-team-core",
                            "permission": "pull",
                            "privacy": "closed",
                            "slug": "verify-tech-team-core"
                        },
                        "meta": {},
                        "tainted": false
                    },
                    "deposed": [],
                    "provider": "provider.github"
                },
                "github_branch_protection.repo_protect_master": {
                    "type": "github_branch_protection",
                    "depends_on": [],
                    "primary": {
                        "id": "verify-support-form:master",
                        "attributes": {
                            "branch": "master",
                            "enforce_admins": "false",
                            "etag": "W/\"1775522b3942060b76c3cd1d1ec80e80\"",
                            "id": "verify-support-form:master",
                            "repository": "verify-support-form",
                            "required_pull_request_reviews.#": "1",
                            "required_pull_request_reviews.0.dismiss_stale_reviews": "true",
                            "required_pull_request_reviews.0.dismissal_teams.#": "0",
                            "required_pull_request_reviews.0.dismissal_users.#": "0",
                            "required_pull_request_reviews.0.include_admins": "false",
                            "required_pull_request_reviews.0.require_code_owner_reviews": "false",
                            "required_status_checks.#": "0",
                            "restrictions.#": "0"
                        },
                        "meta": {},
                        "tainted": false
                    },
                    "deposed": [],
                    "provider": "provider.github"
                },
                "github_repository.repo": {
                    "type": "github_repository",
                    "depends_on": [],
                    "primary": {
                        "id": "verify-support-form",
                        "attributes": {
                            "allow_merge_commit": "true",
                            "allow_rebase_merge": "false",
                            "allow_squash_merge": "false",
                            "archived": "false",
                            "auto_init": "true",
                            "default_branch": "master",
                            "description": "Verify support form",
                            "etag": "W/\"b7bfe18face7e1d48665e2eaa8d3eeee\"",
                            "full_name": "alphagov/verify-support-form",
                            "git_clone_url": "git://github.com/alphagov/verify-support-form.git",
                            "has_downloads": "false",
                            "has_issues": "true",
                            "has_wiki": "true",
                            "homepage_url": "",
                            "html_url": "https://github.com/alphagov/verify-support-form",
                            "http_clone_url": "https://github.com/alphagov/verify-support-form.git",
                            "id": "verify-support-form",
                            "name": "verify-support-form",
                            "private": "false",
                            "ssh_clone_url": "git@github.com:alphagov/verify-support-form.git",
                            "svn_url": "https://github.com/alphagov/verify-support-form",
                            "topics.#": "1",
                            "topics.2357015465": "verify"
                        },
                        "meta": {},
                        "tainted": false
                    },
                    "deposed": [],
                    "provider": "provider.github"
                },
                "github_team_repository.repo_team_push": {
                    "type": "github_team_repository",
                    "depends_on": [
                        "data.github_team.push_teams.*",
                        "github_repository.repo"
                    ],
                    "primary": {
                        "id": "2826122:verify-support-form",
                        "attributes": {
                            "etag": "W/\"3c9dde886a5e5a74cc8c1b5d3c04e873\"",
                            "id": "2826122:verify-support-form",
                            "permission": "push",
                            "repository": "verify-support-form",
                            "team_id": "2826122"
                        },
                        "meta": {},
                        "tainted": false
                    },
                    "deposed": [],
                    "provider": "provider.github"
                }
            },
            "depends_on": []
        },
        {
            "path": [
                "root",
                "repo_verify_team_manual"
            ],
            "outputs": {},
            "resources": {
                "data.github_team.push_teams.0": {
                    "type": "github_team",
                    "depends_on": [],
                    "primary": {
                        "id": "2826122",
                        "attributes": {
                            "description": "Verify tech team: verify-tech-team-core",
                            "id": "2826122",
                            "members.#": "30",
                            "members.0": "idrop",
                            "members.1": "46bit",
                            "members.10": "zilnhoj",
                            "members.11": "vixus0",
                            "members.12": "robinmitra",
                            "members.13": "brenetic",
                            "members.14": "nacnudus",
                            "members.15": "CharlesIC",
                            "members.16": "jkunle",
                            "members.17": "sakisv",
                            "members.18": "mikieet",
                            "members.19": "Rosa-Fox",
                            "members.2": "galund",
                            "members.20": "AnneCarr",
                            "members.21": "ida-build-bot",
                            "members.22": "chrisclayson",
                            "members.23": "blairboy362",
                            "members.24": "Wynndow",
                            "members.25": "andy-paine",
                            "members.26": "tomrosier",
                            "members.27": "bjgill",
                            "members.28": "RacingHippo",
                            "members.29": "bravegrape",
                            "members.3": "issyl0",
                            "members.4": "phantas",
                            "members.5": "philandstuff",
                            "members.6": "chrisholmes",
                            "members.7": "thomasalanlee",
                            "members.8": "tlwr",
                            "members.9": "kerrr",
                            "name": "verify-tech-team-core",
                            "permission": "pull",
                            "privacy": "closed",
                            "slug": "verify-tech-team-core"
                        },
                        "meta": {},
                        "tainted": false
                    },
                    "deposed": [],
                    "provider": "provider.github"
                },
                "data.github_team.push_teams.1": {
                    "type": "github_team",
                    "depends_on": [],
                    "primary": {
                        "id": "2826127",
                        "attributes": {
                            "description": "Verify tech team: verify-tech-team-infrastructure",
                            "id": "2826127",
                            "members.#": "19",
                            "members.0": "46bit",
                            "members.1": "issyl0",
                            "members.10": "ronocg",
                            "members.11": "smford",
                            "members.12": "blairboy362",
                            "members.13": "andy-paine",
                            "members.14": "jstandring-gds",
                            "members.15": "adityapahuja",
                            "members.16": "rhowe-gds",
                            "members.17": "matthewcullum-gds",
                            "members.18": "szd55gds",
                            "members.2": "philandstuff",
                            "members.3": "chrisholmes",
                            "members.4": "thomasalanlee",
                            "members.5": "mmhmm",
                            "members.6": "tlwr",
                            "members.7": "vixus0",
                            "members.8": "sakisv",
                            "members.9": "stephengrier",
                            "name": "verify-tech-team-infrastructure",
                            "permission": "pull",
                            "privacy": "closed",
                            "slug": "verify-tech-team-infrastructure"
                        },
                        "meta": {},
                        "tainted": false
                    },
                    "deposed": [],
                    "provider": "provider.github"
                },
                "github_branch_protection.repo_protect_master": {
                    "type": "github_branch_protection",
                    "depends_on": [],
                    "primary": {
                        "id": "verify-team-manual:master",
                        "attributes": {
                            "branch": "master",
                            "enforce_admins": "false",
                            "etag": "W/\"4926f4a668ee16c11e76f56c496e6220\"",
                            "id": "verify-team-manual:master",
                            "repository": "verify-team-manual",
                            "required_pull_request_reviews.#": "1",
                            "required_pull_request_reviews.0.dismiss_stale_reviews": "true",
                            "required_pull_request_reviews.0.dismissal_teams.#": "0",
                            "required_pull_request_reviews.0.dismissal_users.#": "0",
                            "required_pull_request_reviews.0.include_admins": "false",
                            "required_pull_request_reviews.0.require_code_owner_reviews": "false",
                            "required_status_checks.#": "0",
                            "restrictions.#": "0"
                        },
                        "meta": {},
                        "tainted": false
                    },
                    "deposed": [],
                    "provider": "provider.github"
                },
                "github_repository.repo": {
                    "type": "github_repository",
                    "depends_on": [],
                    "primary": {
                        "id": "verify-team-manual",
                        "attributes": {
                            "allow_merge_commit": "true",
                            "allow_rebase_merge": "false",
                            "allow_squash_merge": "false",
                            "archived": "false",
                            "auto_init": "true",
                            "default_branch": "master",
                            "description": "",
                            "etag": "W/\"0a71cb22c189735802514e54548e8a8f\"",
                            "full_name": "alphagov/verify-team-manual",
                            "git_clone_url": "git://github.com/alphagov/verify-team-manual.git",
                            "has_downloads": "false",
                            "has_issues": "true",
                            "has_wiki": "true",
                            "homepage_url": "",
                            "html_url": "https://github.com/alphagov/verify-team-manual",
                            "http_clone_url": "https://github.com/alphagov/verify-team-manual.git",
                            "id": "verify-team-manual",
                            "name": "verify-team-manual",
                            "private": "true",
                            "ssh_clone_url": "git@github.com:alphagov/verify-team-manual.git",
                            "svn_url": "https://github.com/alphagov/verify-team-manual",
                            "topics.#": "1",
                            "topics.2357015465": "verify"
                        },
                        "meta": {},
                        "tainted": false
                    },
                    "deposed": [],
                    "provider": "provider.github"
                },
                "github_team_repository.repo_team_push.0": {
                    "type": "github_team_repository",
                    "depends_on": [
                        "data.github_team.push_teams.*",
                        "github_repository.repo"
                    ],
                    "primary": {
                        "id": "2826122:verify-team-manual",
                        "attributes": {
                            "etag": "W/\"ee6130600f57add85291b710f2804d56\"",
                            "id": "2826122:verify-team-manual",
                            "permission": "push",
                            "repository": "verify-team-manual",
                            "team_id": "2826122"
                        },
                        "meta": {},
                        "tainted": false
                    },
                    "deposed": [],
                    "provider": "provider.github"
                },
                "github_team_repository.repo_team_push.1": {
                    "type": "github_team_repository",
                    "depends_on": [
                        "data.github_team.push_teams.*",
                        "github_repository.repo"
                    ],
                    "primary": {
                        "id": "2826127:verify-team-manual",
                        "attributes": {
                            "etag": "W/\"ee6130600f57add85291b710f2804d56\"",
                            "id": "2826127:verify-team-manual",
                            "permission": "push",
                            "repository": "verify-team-manual",
                            "team_id": "2826127"
                        },
                        "meta": {},
                        "tainted": false
                    },
                    "deposed": [],
                    "provider": "provider.github"
                }
            },
            "depends_on": []
        },
        {
            "path": [
                "root",
                "repo_verify_tech_team"
            ],
            "outputs": {},
            "resources": {
                "data.github_team.push_teams": {
                    "type": "github_team",
                    "depends_on": [],
                    "primary": {
                        "id": "2826122",
                        "attributes": {
                            "description": "Verify tech team: verify-tech-team-core",
                            "id": "2826122",
                            "members.#": "30",
                            "members.0": "idrop",
                            "members.1": "46bit",
                            "members.10": "zilnhoj",
                            "members.11": "vixus0",
                            "members.12": "robinmitra",
                            "members.13": "brenetic",
                            "members.14": "nacnudus",
                            "members.15": "CharlesIC",
                            "members.16": "jkunle",
                            "members.17": "sakisv",
                            "members.18": "mikieet",
                            "members.19": "Rosa-Fox",
                            "members.2": "galund",
                            "members.20": "AnneCarr",
                            "members.21": "ida-build-bot",
                            "members.22": "chrisclayson",
                            "members.23": "blairboy362",
                            "members.24": "Wynndow",
                            "members.25": "andy-paine",
                            "members.26": "tomrosier",
                            "members.27": "bjgill",
                            "members.28": "RacingHippo",
                            "members.29": "bravegrape",
                            "members.3": "issyl0",
                            "members.4": "phantas",
                            "members.5": "philandstuff",
                            "members.6": "chrisholmes",
                            "members.7": "thomasalanlee",
                            "members.8": "tlwr",
                            "members.9": "kerrr",
                            "name": "verify-tech-team-core",
                            "permission": "pull",
                            "privacy": "closed",
                            "slug": "verify-tech-team-core"
                        },
                        "meta": {},
                        "tainted": false
                    },
                    "deposed": [],
                    "provider": "provider.github"
                },
                "github_branch_protection.repo_protect_master": {
                    "type": "github_branch_protection",
                    "depends_on": [],
                    "primary": {
                        "id": "verify-tech-team:master",
                        "attributes": {
                            "branch": "master",
                            "enforce_admins": "false",
                            "etag": "W/\"9c9bfd1d4b99ab0ad865ebdb7bfeae43\"",
                            "id": "verify-tech-team:master",
                            "repository": "verify-tech-team",
                            "required_pull_request_reviews.#": "1",
                            "required_pull_request_reviews.0.dismiss_stale_reviews": "true",
                            "required_pull_request_reviews.0.dismissal_teams.#": "0",
                            "required_pull_request_reviews.0.dismissal_users.#": "0",
                            "required_pull_request_reviews.0.include_admins": "false",
                            "required_pull_request_reviews.0.require_code_owner_reviews": "false",
                            "required_status_checks.#": "0",
                            "restrictions.#": "0"
                        },
                        "meta": {},
                        "tainted": false
                    },
                    "deposed": [],
                    "provider": "provider.github"
                },
                "github_repository.repo": {
                    "type": "github_repository",
                    "depends_on": [],
                    "primary": {
                        "id": "verify-tech-team",
                        "attributes": {
                            "allow_merge_commit": "true",
                            "allow_rebase_merge": "false",
                            "allow_squash_merge": "false",
                            "archived": "false",
                            "auto_init": "true",
                            "default_branch": "master",
                            "description": "Data about Verify team members",
                            "etag": "W/\"8519134b660f9638c9c245b0ac923136\"",
                            "full_name": "alphagov/verify-tech-team",
                            "git_clone_url": "git://github.com/alphagov/verify-tech-team.git",
                            "has_downloads": "false",
                            "has_issues": "true",
                            "has_wiki": "true",
                            "homepage_url": "",
                            "html_url": "https://github.com/alphagov/verify-tech-team",
                            "http_clone_url": "https://github.com/alphagov/verify-tech-team.git",
                            "id": "verify-tech-team",
                            "name": "verify-tech-team",
                            "private": "true",
                            "ssh_clone_url": "git@github.com:alphagov/verify-tech-team.git",
                            "svn_url": "https://github.com/alphagov/verify-tech-team",
                            "topics.#": "1",
                            "topics.2357015465": "verify"
                        },
                        "meta": {},
                        "tainted": false
                    },
                    "deposed": [],
                    "provider": "provider.github"
                },
                "github_team_repository.repo_team_push": {
                    "type": "github_team_repository",
                    "depends_on": [
                        "data.github_team.push_teams.*",
                        "github_repository.repo"
                    ],
                    "primary": {
                        "id": "2826122:verify-tech-team",
                        "attributes": {
                            "etag": "W/\"6badc0a3ccc509dbb188a19990d211f2\"",
                            "id": "2826122:verify-tech-team",
                            "permission": "push",
                            "repository": "verify-tech-team",
                            "team_id": "2826122"
                        },
                        "meta": {},
                        "tainted": false
                    },
                    "deposed": [],
                    "provider": "provider.github"
                }
            },
            "depends_on": []
        },
        {
            "path": [
                "root",
                "repo_verify_terraform"
            ],
            "outputs": {},
            "resources": {
                "data.github_team.push_teams.0": {
                    "type": "github_team",
                    "depends_on": [],
                    "primary": {
                        "id": "2826122",
                        "attributes": {
                            "description": "Verify tech team: verify-tech-team-core",
                            "id": "2826122",
                            "members.#": "30",
                            "members.0": "idrop",
                            "members.1": "46bit",
                            "members.10": "zilnhoj",
                            "members.11": "vixus0",
                            "members.12": "robinmitra",
                            "members.13": "brenetic",
                            "members.14": "nacnudus",
                            "members.15": "CharlesIC",
                            "members.16": "jkunle",
                            "members.17": "sakisv",
                            "members.18": "mikieet",
                            "members.19": "Rosa-Fox",
                            "members.2": "galund",
                            "members.20": "AnneCarr",
                            "members.21": "ida-build-bot",
                            "members.22": "chrisclayson",
                            "members.23": "blairboy362",
                            "members.24": "Wynndow",
                            "members.25": "andy-paine",
                            "members.26": "tomrosier",
                            "members.27": "bjgill",
                            "members.28": "RacingHippo",
                            "members.29": "bravegrape",
                            "members.3": "issyl0",
                            "members.4": "phantas",
                            "members.5": "philandstuff",
                            "members.6": "chrisholmes",
                            "members.7": "thomasalanlee",
                            "members.8": "tlwr",
                            "members.9": "kerrr",
                            "name": "verify-tech-team-core",
                            "permission": "pull",
                            "privacy": "closed",
                            "slug": "verify-tech-team-core"
                        },
                        "meta": {},
                        "tainted": false
                    },
                    "deposed": [],
                    "provider": "provider.github"
                },
                "data.github_team.push_teams.1": {
                    "type": "github_team",
                    "depends_on": [],
                    "primary": {
                        "id": "2826127",
                        "attributes": {
                            "description": "Verify tech team: verify-tech-team-infrastructure",
                            "id": "2826127",
                            "members.#": "19",
                            "members.0": "46bit",
                            "members.1": "issyl0",
                            "members.10": "ronocg",
                            "members.11": "smford",
                            "members.12": "blairboy362",
                            "members.13": "andy-paine",
                            "members.14": "jstandring-gds",
                            "members.15": "adityapahuja",
                            "members.16": "rhowe-gds",
                            "members.17": "matthewcullum-gds",
                            "members.18": "szd55gds",
                            "members.2": "philandstuff",
                            "members.3": "chrisholmes",
                            "members.4": "thomasalanlee",
                            "members.5": "mmhmm",
                            "members.6": "tlwr",
                            "members.7": "vixus0",
                            "members.8": "sakisv",
                            "members.9": "stephengrier",
                            "name": "verify-tech-team-infrastructure",
                            "permission": "pull",
                            "privacy": "closed",
                            "slug": "verify-tech-team-infrastructure"
                        },
                        "meta": {},
                        "tainted": false
                    },
                    "deposed": [],
                    "provider": "provider.github"
                },
                "data.github_team.read_teams": {
                    "type": "github_team",
                    "depends_on": [],
                    "primary": {
                        "id": "2410212",
                        "attributes": {
                            "description": "Cyber security across GDS Read and Write team",
                            "id": "2410212",
                            "members.#": "20",
                            "members.0": "ronocg",
                            "members.1": "OllieJC",
                            "members.10": "gds-ahine",
                            "members.11": "rumygds",
                            "members.12": "sernoval",
                            "members.13": "danjoneslf",
                            "members.14": "patrickGDS",
                            "members.15": "emisaur",
                            "members.16": "sydneyjp",
                            "members.17": "NeilHayesGDS",
                            "members.18": "pritchyspritch",
                            "members.19": "eliskaC-GDS",
                            "members.2": "sivvo",
                            "members.3": "agalamatis",
                            "members.4": "coolteddy",
                            "members.5": "detnon",
                            "members.6": "akinnane",
                            "members.7": "jonmichaelpitt",
                            "members.8": "mhussein-gds",
                            "members.9": "denizgenc",
                            "name": "team-cybersecurity",
                            "permission": "pull",
                            "privacy": "closed",
                            "slug": "team-cybersecurity"
                        },
                        "meta": {},
                        "tainted": false
                    },
                    "deposed": [],
                    "provider": "provider.github"
                },
                "github_branch_protection.repo_protect_master": {
                    "type": "github_branch_protection",
                    "depends_on": [],
                    "primary": {
                        "id": "verify-terraform:master",
                        "attributes": {
                            "branch": "master",
                            "enforce_admins": "false",
                            "etag": "W/\"aee9e2cb56a26dd480f9e7dce840f2fa\"",
                            "id": "verify-terraform:master",
                            "repository": "verify-terraform",
                            "required_pull_request_reviews.#": "1",
                            "required_pull_request_reviews.0.dismiss_stale_reviews": "true",
                            "required_pull_request_reviews.0.dismissal_teams.#": "0",
                            "required_pull_request_reviews.0.dismissal_users.#": "0",
                            "required_pull_request_reviews.0.include_admins": "false",
                            "required_pull_request_reviews.0.require_code_owner_reviews": "false",
                            "required_status_checks.#": "0",
                            "restrictions.#": "0"
                        },
                        "meta": {},
                        "tainted": false
                    },
                    "deposed": [],
                    "provider": "provider.github"
                },
                "github_repository.repo": {
                    "type": "github_repository",
                    "depends_on": [],
                    "primary": {
                        "id": "verify-terraform",
                        "attributes": {
                            "allow_merge_commit": "true",
                            "allow_rebase_merge": "false",
                            "allow_squash_merge": "false",
                            "archived": "false",
                            "auto_init": "true",
                            "default_branch": "master",
                            "description": "Terraform code for GOV.UK Verify infrastructure",
                            "etag": "W/\"b4d6620753932955756edf1f6188e465\"",
                            "full_name": "alphagov/verify-terraform",
                            "git_clone_url": "git://github.com/alphagov/verify-terraform.git",
                            "has_downloads": "false",
                            "has_issues": "true",
                            "has_wiki": "true",
                            "homepage_url": "",
                            "html_url": "https://github.com/alphagov/verify-terraform",
                            "http_clone_url": "https://github.com/alphagov/verify-terraform.git",
                            "id": "verify-terraform",
                            "name": "verify-terraform",
                            "private": "true",
                            "ssh_clone_url": "git@github.com:alphagov/verify-terraform.git",
                            "svn_url": "https://github.com/alphagov/verify-terraform",
                            "topics.#": "1",
                            "topics.2357015465": "verify"
                        },
                        "meta": {},
                        "tainted": false
                    },
                    "deposed": [],
                    "provider": "provider.github"
                },
                "github_team_repository.repo_team_pull": {
                    "type": "github_team_repository",
                    "depends_on": [
                        "data.github_team.read_teams.*",
                        "github_repository.repo"
                    ],
                    "primary": {
                        "id": "2410212:verify-terraform",
                        "attributes": {
                            "etag": "W/\"890341db9413184912a6055ffcc9fb6e\"",
                            "id": "2410212:verify-terraform",
                            "permission": "pull",
                            "repository": "verify-terraform",
                            "team_id": "2410212"
                        },
                        "meta": {},
                        "tainted": false
                    },
                    "deposed": [],
                    "provider": "provider.github"
                },
                "github_team_repository.repo_team_push.0": {
                    "type": "github_team_repository",
                    "depends_on": [
                        "data.github_team.push_teams.*",
                        "github_repository.repo"
                    ],
                    "primary": {
                        "id": "2826122:verify-terraform",
                        "attributes": {
                            "etag": "W/\"0885c224efec9a31850f8c8c83cacad2\"",
                            "id": "2826122:verify-terraform",
                            "permission": "push",
                            "repository": "verify-terraform",
                            "team_id": "2826122"
                        },
                        "meta": {},
                        "tainted": false
                    },
                    "deposed": [],
                    "provider": "provider.github"
                },
                "github_team_repository.repo_team_push.1": {
                    "type": "github_team_repository",
                    "depends_on": [
                        "data.github_team.push_teams.*",
                        "github_repository.repo"
                    ],
                    "primary": {
                        "id": "2826127:verify-terraform",
                        "attributes": {
                            "etag": "W/\"0885c224efec9a31850f8c8c83cacad2\"",
                            "id": "2826127:verify-terraform",
                            "permission": "push",
                            "repository": "verify-terraform",
                            "team_id": "2826127"
                        },
                        "meta": {},
                        "tainted": false
                    },
                    "deposed": [],
                    "provider": "provider.github"
                }
            },
            "depends_on": []
        },
        {
            "path": [
                "root",
                "repo_verify_test_repo"
            ],
            "outputs": {},
            "resources": {
                "data.github_team.push_teams": {
                    "type": "github_team",
                    "depends_on": [],
                    "primary": {
                        "id": "2826122",
                        "attributes": {
                            "description": "Verify tech team: verify-tech-team-core",
                            "id": "2826122",
                            "members.#": "30",
                            "members.0": "idrop",
                            "members.1": "46bit",
                            "members.10": "zilnhoj",
                            "members.11": "vixus0",
                            "members.12": "robinmitra",
                            "members.13": "brenetic",
                            "members.14": "nacnudus",
                            "members.15": "CharlesIC",
                            "members.16": "jkunle",
                            "members.17": "sakisv",
                            "members.18": "mikieet",
                            "members.19": "Rosa-Fox",
                            "members.2": "galund",
                            "members.20": "AnneCarr",
                            "members.21": "ida-build-bot",
                            "members.22": "chrisclayson",
                            "members.23": "blairboy362",
                            "members.24": "Wynndow",
                            "members.25": "andy-paine",
                            "members.26": "tomrosier",
                            "members.27": "bjgill",
                            "members.28": "RacingHippo",
                            "members.29": "bravegrape",
                            "members.3": "issyl0",
                            "members.4": "phantas",
                            "members.5": "philandstuff",
                            "members.6": "chrisholmes",
                            "members.7": "thomasalanlee",
                            "members.8": "tlwr",
                            "members.9": "kerrr",
                            "name": "verify-tech-team-core",
                            "permission": "pull",
                            "privacy": "closed",
                            "slug": "verify-tech-team-core"
                        },
                        "meta": {},
                        "tainted": false
                    },
                    "deposed": [],
                    "provider": "provider.github"
                },
                "github_branch_protection.repo_protect_master": {
                    "type": "github_branch_protection",
                    "depends_on": [],
                    "primary": {
                        "id": "verify-test-repo:master",
                        "attributes": {
                            "branch": "master",
                            "enforce_admins": "false",
                            "etag": "W/\"650f22a0cc02c1b571cc8be339762bf8\"",
                            "id": "verify-test-repo:master",
                            "repository": "verify-test-repo",
                            "required_pull_request_reviews.#": "1",
                            "required_pull_request_reviews.0.dismiss_stale_reviews": "true",
                            "required_pull_request_reviews.0.dismissal_teams.#": "0",
                            "required_pull_request_reviews.0.dismissal_users.#": "0",
                            "required_pull_request_reviews.0.include_admins": "false",
                            "required_pull_request_reviews.0.require_code_owner_reviews": "false",
                            "required_status_checks.#": "0",
                            "restrictions.#": "0"
                        },
                        "meta": {},
                        "tainted": false
                    },
                    "deposed": [],
                    "provider": "provider.github"
                },
                "github_repository.repo": {
                    "type": "github_repository",
                    "depends_on": [],
                    "primary": {
                        "id": "verify-test-repo",
                        "attributes": {
                            "allow_merge_commit": "true",
                            "allow_rebase_merge": "false",
                            "allow_squash_merge": "false",
                            "archived": "false",
                            "auto_init": "true",
                            "default_branch": "master",
                            "description": "Test repo",
                            "etag": "W/\"9e42320c10804be2e7e9d4842fab9fed\"",
                            "full_name": "alphagov/verify-test-repo",
                            "git_clone_url": "git://github.com/alphagov/verify-test-repo.git",
                            "has_downloads": "false",
                            "has_issues": "true",
                            "has_wiki": "true",
                            "homepage_url": "",
                            "html_url": "https://github.com/alphagov/verify-test-repo",
                            "http_clone_url": "https://github.com/alphagov/verify-test-repo.git",
                            "id": "verify-test-repo",
                            "name": "verify-test-repo",
                            "private": "false",
                            "ssh_clone_url": "git@github.com:alphagov/verify-test-repo.git",
                            "svn_url": "https://github.com/alphagov/verify-test-repo",
                            "topics.#": "0"
                        },
                        "meta": {},
                        "tainted": false
                    },
                    "deposed": [],
                    "provider": "provider.github"
                },
                "github_team_repository.repo_team_push": {
                    "type": "github_team_repository",
                    "depends_on": [
                        "data.github_team.teams.*",
                        "github_repository.repo"
                    ],
                    "primary": {
                        "id": "2826122:verify-test-repo",
                        "attributes": {
                            "etag": "W/\"0d2f9c46c5e0fc2ee967bb4358a5759b\"",
                            "id": "2826122:verify-test-repo",
                            "permission": "push",
                            "repository": "verify-test-repo",
                            "team_id": "2826122"
                        },
                        "meta": {},
                        "tainted": false
                    },
                    "deposed": [],
                    "provider": "provider.github"
                }
            },
            "depends_on": []
        },
        {
            "path": [
                "root",
                "repo_verify_test_rp"
            ],
            "outputs": {},
            "resources": {
                "data.github_team.push_teams": {
                    "type": "github_team",
                    "depends_on": [],
                    "primary": {
                        "id": "2826122",
                        "attributes": {
                            "description": "Verify tech team: verify-tech-team-core",
                            "id": "2826122",
                            "members.#": "30",
                            "members.0": "idrop",
                            "members.1": "46bit",
                            "members.10": "zilnhoj",
                            "members.11": "vixus0",
                            "members.12": "robinmitra",
                            "members.13": "brenetic",
                            "members.14": "nacnudus",
                            "members.15": "CharlesIC",
                            "members.16": "jkunle",
                            "members.17": "sakisv",
                            "members.18": "mikieet",
                            "members.19": "Rosa-Fox",
                            "members.2": "galund",
                            "members.20": "AnneCarr",
                            "members.21": "ida-build-bot",
                            "members.22": "chrisclayson",
                            "members.23": "blairboy362",
                            "members.24": "Wynndow",
                            "members.25": "andy-paine",
                            "members.26": "tomrosier",
                            "members.27": "bjgill",
                            "members.28": "RacingHippo",
                            "members.29": "bravegrape",
                            "members.3": "issyl0",
                            "members.4": "phantas",
                            "members.5": "philandstuff",
                            "members.6": "chrisholmes",
                            "members.7": "thomasalanlee",
                            "members.8": "tlwr",
                            "members.9": "kerrr",
                            "name": "verify-tech-team-core",
                            "permission": "pull",
                            "privacy": "closed",
                            "slug": "verify-tech-team-core"
                        },
                        "meta": {},
                        "tainted": false
                    },
                    "deposed": [],
                    "provider": "provider.github"
                },
                "github_branch_protection.repo_protect_master": {
                    "type": "github_branch_protection",
                    "depends_on": [],
                    "primary": {
                        "id": "verify-test-rp:master",
                        "attributes": {
                            "branch": "master",
                            "enforce_admins": "false",
                            "etag": "W/\"da45c2bb110a1dfef13e018d9a0c9a20\"",
                            "id": "verify-test-rp:master",
                            "repository": "verify-test-rp",
                            "required_pull_request_reviews.#": "1",
                            "required_pull_request_reviews.0.dismiss_stale_reviews": "true",
                            "required_pull_request_reviews.0.dismissal_teams.#": "0",
                            "required_pull_request_reviews.0.dismissal_users.#": "0",
                            "required_pull_request_reviews.0.include_admins": "false",
                            "required_pull_request_reviews.0.require_code_owner_reviews": "false",
                            "required_status_checks.#": "0",
                            "restrictions.#": "0"
                        },
                        "meta": {},
                        "tainted": false
                    },
                    "deposed": [],
                    "provider": "provider.github"
                },
                "github_repository.repo": {
                    "type": "github_repository",
                    "depends_on": [],
                    "primary": {
                        "id": "verify-test-rp",
                        "attributes": {
                            "allow_merge_commit": "true",
                            "allow_rebase_merge": "false",
                            "allow_squash_merge": "false",
                            "archived": "false",
                            "auto_init": "true",
                            "default_branch": "master",
                            "description": "Verify Test Relying Party",
                            "etag": "W/\"8b488803e647d30b4029d53d64956841\"",
                            "full_name": "alphagov/verify-test-rp",
                            "git_clone_url": "git://github.com/alphagov/verify-test-rp.git",
                            "has_downloads": "false",
                            "has_issues": "true",
                            "has_wiki": "true",
                            "homepage_url": "",
                            "html_url": "https://github.com/alphagov/verify-test-rp",
                            "http_clone_url": "https://github.com/alphagov/verify-test-rp.git",
                            "id": "verify-test-rp",
                            "name": "verify-test-rp",
                            "private": "false",
                            "ssh_clone_url": "git@github.com:alphagov/verify-test-rp.git",
                            "svn_url": "https://github.com/alphagov/verify-test-rp",
                            "topics.#": "3",
                            "topics.1785148924": "test",
                            "topics.2357015465": "verify",
                            "topics.3725491923": "relying-party"
                        },
                        "meta": {},
                        "tainted": false
                    },
                    "deposed": [],
                    "provider": "provider.github"
                },
                "github_team_repository.repo_team_push": {
                    "type": "github_team_repository",
                    "depends_on": [
                        "data.github_team.teams.*",
                        "github_repository.repo"
                    ],
                    "primary": {
                        "id": "2826122:verify-test-rp",
                        "attributes": {
                            "etag": "W/\"cd7c6928dbb921a96e002f15019572fd\"",
                            "id": "2826122:verify-test-rp",
                            "permission": "push",
                            "repository": "verify-test-rp",
                            "team_id": "2826122"
                        },
                        "meta": {},
                        "tainted": false
                    },
                    "deposed": [],
                    "provider": "provider.github"
                }
            },
            "depends_on": []
        },
        {
            "path": [
                "root",
                "repo_verify_token_service"
            ],
            "outputs": {},
            "resources": {
                "data.github_team.push_teams": {
                    "type": "github_team",
                    "depends_on": [],
                    "primary": {
                        "id": "2826122",
                        "attributes": {
                            "description": "Verify tech team: verify-tech-team-core",
                            "id": "2826122",
                            "members.#": "30",
                            "members.0": "idrop",
                            "members.1": "46bit",
                            "members.10": "zilnhoj",
                            "members.11": "vixus0",
                            "members.12": "robinmitra",
                            "members.13": "brenetic",
                            "members.14": "nacnudus",
                            "members.15": "CharlesIC",
                            "members.16": "jkunle",
                            "members.17": "sakisv",
                            "members.18": "mikieet",
                            "members.19": "Rosa-Fox",
                            "members.2": "galund",
                            "members.20": "AnneCarr",
                            "members.21": "ida-build-bot",
                            "members.22": "chrisclayson",
                            "members.23": "blairboy362",
                            "members.24": "Wynndow",
                            "members.25": "andy-paine",
                            "members.26": "tomrosier",
                            "members.27": "bjgill",
                            "members.28": "RacingHippo",
                            "members.29": "bravegrape",
                            "members.3": "issyl0",
                            "members.4": "phantas",
                            "members.5": "philandstuff",
                            "members.6": "chrisholmes",
                            "members.7": "thomasalanlee",
                            "members.8": "tlwr",
                            "members.9": "kerrr",
                            "name": "verify-tech-team-core",
                            "permission": "pull",
                            "privacy": "closed",
                            "slug": "verify-tech-team-core"
                        },
                        "meta": {},
                        "tainted": false
                    },
                    "deposed": [],
                    "provider": "provider.github"
                },
                "github_branch_protection.repo_protect_master": {
                    "type": "github_branch_protection",
                    "depends_on": [],
                    "primary": {
                        "id": "verify-token-service:master",
                        "attributes": {
                            "branch": "master",
                            "enforce_admins": "false",
                            "etag": "W/\"bd874538bb94742b0030d553cd53f98b\"",
                            "id": "verify-token-service:master",
                            "repository": "verify-token-service",
                            "required_pull_request_reviews.#": "1",
                            "required_pull_request_reviews.0.dismiss_stale_reviews": "true",
                            "required_pull_request_reviews.0.dismissal_teams.#": "0",
                            "required_pull_request_reviews.0.dismissal_users.#": "0",
                            "required_pull_request_reviews.0.include_admins": "false",
                            "required_pull_request_reviews.0.require_code_owner_reviews": "false",
                            "required_status_checks.#": "0",
                            "restrictions.#": "0"
                        },
                        "meta": {},
                        "tainted": false
                    },
                    "deposed": [],
                    "provider": "provider.github"
                },
                "github_repository.repo": {
                    "type": "github_repository",
                    "depends_on": [],
                    "primary": {
                        "id": "verify-token-service",
                        "attributes": {
                            "allow_merge_commit": "true",
                            "allow_rebase_merge": "false",
                            "allow_squash_merge": "false",
                            "archived": "false",
                            "auto_init": "true",
                            "default_branch": "master",
                            "description": "Verify Token Service",
                            "etag": "W/\"37a7e9594ca3c14ec81671972e95e65f\"",
                            "full_name": "alphagov/verify-token-service",
                            "git_clone_url": "git://github.com/alphagov/verify-token-service.git",
                            "has_downloads": "false",
                            "has_issues": "true",
                            "has_wiki": "true",
                            "homepage_url": "",
                            "html_url": "https://github.com/alphagov/verify-token-service",
                            "http_clone_url": "https://github.com/alphagov/verify-token-service.git",
                            "id": "verify-token-service",
                            "name": "verify-token-service",
                            "private": "true",
                            "ssh_clone_url": "git@github.com:alphagov/verify-token-service.git",
                            "svn_url": "https://github.com/alphagov/verify-token-service",
                            "topics.#": "1",
                            "topics.2357015465": "verify"
                        },
                        "meta": {},
                        "tainted": false
                    },
                    "deposed": [],
                    "provider": "provider.github"
                },
                "github_team_repository.repo_team_push": {
                    "type": "github_team_repository",
                    "depends_on": [
                        "data.github_team.teams.*",
                        "github_repository.repo"
                    ],
                    "primary": {
                        "id": "2826122:verify-token-service",
                        "attributes": {
                            "etag": "W/\"5f7774fad3c99c5d06bddb49514200fe\"",
                            "id": "2826122:verify-token-service",
                            "permission": "push",
                            "repository": "verify-token-service",
                            "team_id": "2826122"
                        },
                        "meta": {},
                        "tainted": false
                    },
                    "deposed": [],
                    "provider": "provider.github"
                }
            },
            "depends_on": []
        },
        {
            "path": [
                "root",
                "repo_verify_utils_libs"
            ],
            "outputs": {},
            "resources": {
                "data.github_team.push_teams": {
                    "type": "github_team",
                    "depends_on": [],
                    "primary": {
                        "id": "2826122",
                        "attributes": {
                            "description": "Verify tech team: verify-tech-team-core",
                            "id": "2826122",
                            "members.#": "30",
                            "members.0": "idrop",
                            "members.1": "46bit",
                            "members.10": "zilnhoj",
                            "members.11": "vixus0",
                            "members.12": "robinmitra",
                            "members.13": "brenetic",
                            "members.14": "nacnudus",
                            "members.15": "CharlesIC",
                            "members.16": "jkunle",
                            "members.17": "sakisv",
                            "members.18": "mikieet",
                            "members.19": "Rosa-Fox",
                            "members.2": "galund",
                            "members.20": "AnneCarr",
                            "members.21": "ida-build-bot",
                            "members.22": "chrisclayson",
                            "members.23": "blairboy362",
                            "members.24": "Wynndow",
                            "members.25": "andy-paine",
                            "members.26": "tomrosier",
                            "members.27": "bjgill",
                            "members.28": "RacingHippo",
                            "members.29": "bravegrape",
                            "members.3": "issyl0",
                            "members.4": "phantas",
                            "members.5": "philandstuff",
                            "members.6": "chrisholmes",
                            "members.7": "thomasalanlee",
                            "members.8": "tlwr",
                            "members.9": "kerrr",
                            "name": "verify-tech-team-core",
                            "permission": "pull",
                            "privacy": "closed",
                            "slug": "verify-tech-team-core"
                        },
                        "meta": {},
                        "tainted": false
                    },
                    "deposed": [],
                    "provider": "provider.github"
                },
                "github_branch_protection.repo_protect_master": {
                    "type": "github_branch_protection",
                    "depends_on": [],
                    "primary": {
                        "id": "verify-utils-libs:master",
                        "attributes": {
                            "branch": "master",
                            "enforce_admins": "false",
                            "etag": "W/\"f4b02ce9e285c48d7ec71ac677775867\"",
                            "id": "verify-utils-libs:master",
                            "repository": "verify-utils-libs",
                            "required_pull_request_reviews.#": "1",
                            "required_pull_request_reviews.0.dismiss_stale_reviews": "true",
                            "required_pull_request_reviews.0.dismissal_teams.#": "0",
                            "required_pull_request_reviews.0.dismissal_users.#": "0",
                            "required_pull_request_reviews.0.include_admins": "false",
                            "required_pull_request_reviews.0.require_code_owner_reviews": "false",
                            "required_status_checks.#": "0",
                            "restrictions.#": "0"
                        },
                        "meta": {},
                        "tainted": false
                    },
                    "deposed": [],
                    "provider": "provider.github"
                },
                "github_repository.repo": {
                    "type": "github_repository",
                    "depends_on": [],
                    "primary": {
                        "id": "verify-utils-libs",
                        "attributes": {
                            "allow_merge_commit": "true",
                            "allow_rebase_merge": "false",
                            "allow_squash_merge": "false",
                            "archived": "false",
                            "auto_init": "true",
                            "default_branch": "master",
                            "description": "Libraries used across multiple Verify projects",
                            "etag": "W/\"ac403e25e580521996069db751e1589a\"",
                            "full_name": "alphagov/verify-utils-libs",
                            "git_clone_url": "git://github.com/alphagov/verify-utils-libs.git",
                            "has_downloads": "false",
                            "has_issues": "true",
                            "has_wiki": "true",
                            "homepage_url": "",
                            "html_url": "https://github.com/alphagov/verify-utils-libs",
                            "http_clone_url": "https://github.com/alphagov/verify-utils-libs.git",
                            "id": "verify-utils-libs",
                            "name": "verify-utils-libs",
                            "private": "false",
                            "ssh_clone_url": "git@github.com:alphagov/verify-utils-libs.git",
                            "svn_url": "https://github.com/alphagov/verify-utils-libs",
                            "topics.#": "1",
                            "topics.2357015465": "verify"
                        },
                        "meta": {},
                        "tainted": false
                    },
                    "deposed": [],
                    "provider": "provider.github"
                },
                "github_team_repository.repo_team_push": {
                    "type": "github_team_repository",
                    "depends_on": [
                        "data.github_team.teams.*",
                        "github_repository.repo"
                    ],
                    "primary": {
                        "id": "2826122:verify-utils-libs",
                        "attributes": {
                            "etag": "W/\"76ae5953ee6ff1a6f3b73e85eb22a3ff\"",
                            "id": "2826122:verify-utils-libs",
                            "permission": "push",
                            "repository": "verify-utils-libs",
                            "team_id": "2826122"
                        },
                        "meta": {},
                        "tainted": false
                    },
                    "deposed": [],
                    "provider": "provider.github"
                }
            },
            "depends_on": []
        }
    ]
}
