{
  "version": 4,
  "terraform_version": "0.12.2",
  "serial": 347,
  "lineage": "e05ac5fe-9a52-a058-fa84-c98012a6fa07",
  "outputs": {},
  "resources": [
    {
      "mode": "data",
      "type": "github_team",
      "name": "core",
      "provider": "provider.github",
      "instances": [
        {
          "schema_version": 0,
          "attributes": {
            "description": "Verify tech team: verify-tech-team-core",
            "id": "2826122",
            "members": [
              "idrop",
              "galund",
              "issyl0",
              "mrwilson",
              "philandstuff",
              "chrisholmes",
              "Krenair",
              "thomasalanlee",
              "tlwr",
              "kerrr",
              "instantiator",
              "zilnhoj",
              "Todai88",
              "brenetic",
              "nacnudus",
              "CharlesIC",
              "jkunle",
              "sakisv",
              "ronocg",
              "Rosa-Fox",
              "AnneCarr",
              "ida-build-bot",
              "chrisclayson",
              "blairboy362",
              "Wynndow",
              "andy-paine",
              "tomrosier",
              "bjgill",
              "michaelabenyohai",
              "RacingHippo"
            ],
            "name": "verify-tech-team-core",
            "permission": "pull",
            "privacy": "closed",
            "slug": "verify-tech-team-core"
          }
        }
      ]
    },
    {
      "mode": "data",
      "type": "github_team",
      "name": "eidas",
      "provider": "provider.github",
      "instances": [
        {
          "schema_version": 0,
          "attributes": {
            "description": "Verify tech team: verify-tech-team-eidas",
            "id": "2826126",
            "members": [
              "idrop",
              "chrisholmes",
              "thomasalanlee",
              "instantiator",
              "CharlesIC",
              "ida-build-bot",
              "Wynndow",
              "tomrosier",
              "michaelabenyohai",
              "benjamin-mortimer",
              "JHjava",
              "dbes-gds",
              "JohnWattsGDS",
              "ida-codacy-bot"
            ],
            "name": "verify-tech-team-eidas",
            "permission": "pull",
            "privacy": "closed",
            "slug": "verify-tech-team-eidas"
          }
        }
      ]
    },
    {
      "mode": "data",
      "type": "github_team",
      "name": "infrastructure",
      "provider": "provider.github",
      "instances": [
        {
          "schema_version": 0,
          "attributes": {
            "description": "Verify tech team: verify-tech-team-infrastructure",
            "id": "2826127",
            "members": [
              "issyl0",
              "philandstuff",
              "chrisholmes",
              "Krenair",
              "thomasalanlee",
              "tlwr",
              "sakisv",
              "stephengrier",
              "smford",
              "blairboy362",
              "andy-paine",
              "michaelabenyohai",
              "jstandring-gds",
              "adityapahuja",
              "rhowe-gds",
              "poveyd",
              "szd55gds"
            ],
            "name": "verify-tech-team-infrastructure",
            "permission": "pull",
            "privacy": "closed",
            "slug": "verify-tech-team-infrastructure"
          }
        }
      ]
    },
    {
      "module": "module.repo_verify_eidas_trust_anchor",
      "mode": "managed",
      "type": "github_branch_protection",
      "name": "repo_protect_master",
      "each": "list",
      "provider": "provider.github",
      "instances": [
        {
          "index_key": 0,
          "schema_version": 0,
          "attributes": {
            "branch": "master",
            "enforce_admins": false,
            "etag": "W/\"a01641b95b91951a58d5db33cec2dffd\"",
            "id": "verify-eidas-trust-anchor:master",
            "repository": "verify-eidas-trust-anchor",
            "require_signed_commits": false,
            "required_pull_request_reviews": [
              {
                "dismiss_stale_reviews": true,
                "dismissal_teams": null,
                "dismissal_users": null,
                "include_admins": false,
                "require_code_owner_reviews": false,
                "required_approving_review_count": 2
              }
            ],
            "required_status_checks": [
              {
                "contexts": null,
                "include_admins": false,
                "strict": false
              }
            ],
            "restrictions": []
          },
          "depends_on": [
            "github_repository.repo"
          ]
        }
      ]
    },
    {
      "module": "module.repo_verify_local_matching_service_example",
      "mode": "managed",
      "type": "github_branch_protection",
      "name": "repo_protect_master",
      "each": "list",
      "provider": "provider.github",
      "instances": [
        {
          "index_key": 0,
          "schema_version": 0,
          "attributes": {
            "branch": "master",
            "enforce_admins": false,
            "etag": "W/\"dc33bffa641fc1cd2f8d6170d380c931\"",
            "id": "verify-local-matching-service-example:master",
            "repository": "verify-local-matching-service-example",
            "require_signed_commits": false,
            "required_pull_request_reviews": [
              {
                "dismiss_stale_reviews": true,
                "dismissal_teams": null,
                "dismissal_users": null,
                "include_admins": false,
                "require_code_owner_reviews": false,
                "required_approving_review_count": 2
              }
            ],
            "required_status_checks": [
              {
                "contexts": null,
                "include_admins": false,
                "strict": false
              }
            ],
            "restrictions": []
          },
          "depends_on": [
            "github_repository.repo"
          ]
        }
      ]
    },
    {
      "module": "module.repo_verify_release_notes_generator",
      "mode": "managed",
      "type": "github_branch_protection",
      "name": "repo_protect_master",
      "each": "list",
      "provider": "provider.github",
      "instances": [
        {
          "index_key": 0,
          "schema_version": 0,
          "attributes": {
            "branch": "master",
            "enforce_admins": false,
            "etag": "W/\"aaaea67a83fb97d7509a069fa3d22500\"",
            "id": "verify-release-notes-generator:master",
            "repository": "verify-release-notes-generator",
            "require_signed_commits": false,
            "required_pull_request_reviews": [
              {
                "dismiss_stale_reviews": true,
                "dismissal_teams": null,
                "dismissal_users": null,
                "include_admins": false,
                "require_code_owner_reviews": false,
                "required_approving_review_count": 2
              }
            ],
            "required_status_checks": [
              {
                "contexts": null,
                "include_admins": false,
                "strict": false
              }
            ],
            "restrictions": []
          },
          "depends_on": [
            "github_repository.repo"
          ]
        }
      ]
    },
    {
      "module": "module.repo_verify_performance",
      "mode": "managed",
      "type": "github_branch_protection",
      "name": "repo_protect_master",
      "each": "list",
      "provider": "provider.github",
      "instances": [
        {
          "index_key": 0,
          "schema_version": 0,
          "attributes": {
            "branch": "master",
            "enforce_admins": false,
            "etag": "W/\"0811acc5ec35f083485bbd2c5ec2b1ee\"",
            "id": "verify-performance:master",
            "repository": "verify-performance",
            "require_signed_commits": false,
            "required_pull_request_reviews": [
              {
                "dismiss_stale_reviews": true,
                "dismissal_teams": null,
                "dismissal_users": null,
                "include_admins": false,
                "require_code_owner_reviews": false,
                "required_approving_review_count": 2
              }
            ],
            "required_status_checks": [
              {
                "contexts": null,
                "include_admins": false,
                "strict": false
              }
            ],
            "restrictions": []
          },
          "depends_on": [
            "github_repository.repo"
          ]
        }
      ]
    },
    {
      "module": "module.repo_verify_team_manual",
      "mode": "managed",
      "type": "github_branch_protection",
      "name": "repo_protect_master",
      "each": "list",
      "provider": "provider.github",
      "instances": [
        {
          "index_key": 0,
          "schema_version": 0,
          "attributes": {
            "branch": "master",
            "enforce_admins": false,
            "etag": "W/\"e5858013d40751da4e200fd8e03588b2\"",
            "id": "verify-team-manual:master",
            "repository": "verify-team-manual",
            "require_signed_commits": false,
            "required_pull_request_reviews": [
              {
                "dismiss_stale_reviews": true,
                "dismissal_teams": null,
                "dismissal_users": null,
                "include_admins": false,
                "require_code_owner_reviews": false,
                "required_approving_review_count": 2
              }
            ],
            "required_status_checks": [
              {
                "contexts": null,
                "include_admins": false,
                "strict": false
              }
            ],
            "restrictions": []
          },
          "depends_on": [
            "github_repository.repo"
          ]
        }
      ]
    },
    {
      "module": "module.repo_verify_hub",
      "mode": "managed",
      "type": "github_branch_protection",
      "name": "repo_protect_master",
      "each": "list",
      "provider": "provider.github",
      "instances": [
        {
          "index_key": 0,
          "schema_version": 0,
          "attributes": {
            "branch": "master",
            "enforce_admins": false,
            "etag": "W/\"e8e7ce1ec6cd9d1de3c8a8eeb8629a2b\"",
            "id": "verify-hub:master",
            "repository": "verify-hub",
            "require_signed_commits": false,
            "required_pull_request_reviews": [
              {
                "dismiss_stale_reviews": true,
                "dismissal_teams": null,
                "dismissal_users": null,
                "include_admins": false,
                "require_code_owner_reviews": false,
                "required_approving_review_count": 2
              }
            ],
            "required_status_checks": [
              {
                "contexts": null,
                "include_admins": false,
                "strict": false
              }
            ],
            "restrictions": []
          },
          "depends_on": [
            "github_repository.repo"
          ]
        }
      ]
    },
    {
      "module": "module.repo_verify_self_service",
      "mode": "managed",
      "type": "github_branch_protection",
      "name": "repo_protect_master",
      "each": "list",
      "provider": "provider.github",
      "instances": [
        {
          "index_key": 0,
          "schema_version": 0,
          "attributes": {
            "branch": "master",
            "enforce_admins": false,
            "etag": "W/\"6078bd7b64474aa6184616de3b680819\"",
            "id": "verify-self-service:master",
            "repository": "verify-self-service",
            "require_signed_commits": false,
            "required_pull_request_reviews": [
              {
                "dismiss_stale_reviews": true,
                "dismissal_teams": null,
                "dismissal_users": null,
                "include_admins": false,
                "require_code_owner_reviews": false,
                "required_approving_review_count": 2
              }
            ],
            "required_status_checks": [
              {
                "contexts": null,
                "include_admins": false,
                "strict": false
              }
            ],
            "restrictions": []
          },
          "depends_on": [
            "github_repository.repo"
          ]
        }
      ]
    },
    {
      "module": "module.repo_verify_rp_environment_config_form",
      "mode": "managed",
      "type": "github_branch_protection",
      "name": "repo_protect_master",
      "each": "list",
      "provider": "provider.github",
      "instances": [
        {
          "index_key": 0,
          "schema_version": 0,
          "attributes": {
            "branch": "master",
            "enforce_admins": false,
            "etag": "W/\"ac29ad85e223b12cb0a6fd2c5bc030a4\"",
            "id": "verify-rp-environment-config-form:master",
            "repository": "verify-rp-environment-config-form",
            "require_signed_commits": false,
            "required_pull_request_reviews": [
              {
                "dismiss_stale_reviews": true,
                "dismissal_teams": null,
                "dismissal_users": null,
                "include_admins": false,
                "require_code_owner_reviews": false,
                "required_approving_review_count": 2
              }
            ],
            "required_status_checks": [
              {
                "contexts": null,
                "include_admins": false,
                "strict": false
              }
            ],
            "restrictions": []
          },
          "depends_on": [
            "github_repository.repo"
          ]
        }
      ]
    },
    {
      "module": "module.repo_verify_data_pipeline",
      "mode": "managed",
      "type": "github_branch_protection",
      "name": "repo_protect_master",
      "each": "list",
      "provider": "provider.github",
      "instances": [
        {
          "index_key": 0,
          "schema_version": 0,
          "attributes": {
            "branch": "master",
            "enforce_admins": false,
            "etag": "W/\"10bc427953371bbb02a25b84066142fb\"",
            "id": "verify-data-pipeline:master",
            "repository": "verify-data-pipeline",
            "require_signed_commits": false,
            "required_pull_request_reviews": [
              {
                "dismiss_stale_reviews": true,
                "dismissal_teams": null,
                "dismissal_users": null,
                "include_admins": false,
                "require_code_owner_reviews": false,
                "required_approving_review_count": 2
              }
            ],
            "required_status_checks": [
              {
                "contexts": null,
                "include_admins": false,
                "strict": false
              }
            ],
            "restrictions": []
          },
          "depends_on": [
            "github_repository.repo"
          ]
        }
      ]
    },
    {
      "module": "module.repo_verify_puppet",
      "mode": "managed",
      "type": "github_branch_protection",
      "name": "repo_protect_master",
      "each": "list",
      "provider": "provider.github",
      "instances": [
        {
          "index_key": 0,
          "schema_version": 0,
          "attributes": {
            "branch": "master",
            "enforce_admins": false,
            "etag": "W/\"803ae38a0119d3f1de775d74662084dd\"",
            "id": "verify-puppet:master",
            "repository": "verify-puppet",
            "require_signed_commits": false,
            "required_pull_request_reviews": [
              {
                "dismiss_stale_reviews": true,
                "dismissal_teams": null,
                "dismissal_users": null,
                "include_admins": false,
                "require_code_owner_reviews": false,
                "required_approving_review_count": 2
              }
            ],
            "required_status_checks": [
              {
                "contexts": null,
                "include_admins": false,
                "strict": false
              }
            ],
            "restrictions": []
          },
          "depends_on": [
            "github_repository.repo"
          ]
        }
      ]
    },
    {
      "module": "module.repo_verify_event_system_alarm_notifier",
      "mode": "managed",
      "type": "github_branch_protection",
      "name": "repo_protect_master",
      "each": "list",
      "provider": "provider.github",
      "instances": [
        {
          "index_key": 0,
          "schema_version": 0,
          "attributes": {
            "branch": "master",
            "enforce_admins": false,
            "etag": "W/\"511bf0d6f8143e0acd46fbf3b4f21273\"",
            "id": "verify-event-system-alarm-notifier:master",
            "repository": "verify-event-system-alarm-notifier",
            "require_signed_commits": false,
            "required_pull_request_reviews": [
              {
                "dismiss_stale_reviews": true,
                "dismissal_teams": null,
                "dismissal_users": null,
                "include_admins": false,
                "require_code_owner_reviews": false,
                "required_approving_review_count": 2
              }
            ],
            "required_status_checks": [
              {
                "contexts": null,
                "include_admins": false,
                "strict": false
              }
            ],
            "restrictions": []
          },
          "depends_on": [
            "github_repository.repo"
          ]
        }
      ]
    },
    {
      "module": "module.repo_verify_matomo_utils",
      "mode": "managed",
      "type": "github_branch_protection",
      "name": "repo_protect_master",
      "each": "list",
      "provider": "provider.github",
      "instances": [
        {
          "index_key": 0,
          "schema_version": 0,
          "attributes": {
            "branch": "master",
            "enforce_admins": false,
            "etag": "W/\"0f83acf6b7d1ca6162c6497e25ebf553\"",
            "id": "verify-matomo-utils:master",
            "repository": "verify-matomo-utils",
            "require_signed_commits": false,
            "required_pull_request_reviews": [
              {
                "dismiss_stale_reviews": true,
                "dismissal_teams": null,
                "dismissal_users": null,
                "include_admins": false,
                "require_code_owner_reviews": false,
                "required_approving_review_count": 2
              }
            ],
            "required_status_checks": [
              {
                "contexts": null,
                "include_admins": false,
                "strict": false
              }
            ],
            "restrictions": []
          },
          "depends_on": [
            "github_repository.repo"
          ]
        }
      ]
    },
    {
      "module": "module.repo_verify_token_service",
      "mode": "managed",
      "type": "github_branch_protection",
      "name": "repo_protect_master",
      "each": "list",
      "provider": "provider.github",
      "instances": [
        {
          "index_key": 0,
          "schema_version": 0,
          "attributes": {
            "branch": "master",
            "enforce_admins": false,
            "etag": "W/\"82a1d1f21d7d5da75fab98d066c7992a\"",
            "id": "verify-token-service:master",
            "repository": "verify-token-service",
            "require_signed_commits": false,
            "required_pull_request_reviews": [
              {
                "dismiss_stale_reviews": true,
                "dismissal_teams": null,
                "dismissal_users": null,
                "include_admins": false,
                "require_code_owner_reviews": false,
                "required_approving_review_count": 2
              }
            ],
            "required_status_checks": [
              {
                "contexts": null,
                "include_admins": false,
                "strict": false
              }
            ],
            "restrictions": []
          },
          "depends_on": [
            "github_repository.repo"
          ]
        }
      ]
    },
    {
      "module": "module.repo_ida_hub_support",
      "mode": "managed",
      "type": "github_branch_protection",
      "name": "repo_protect_master",
      "each": "list",
      "provider": "provider.github",
      "instances": [
        {
          "index_key": 0,
          "schema_version": 0,
          "attributes": {
            "branch": "master",
            "enforce_admins": false,
            "etag": "W/\"40feeaeb59b0a871764149b001a44b36\"",
            "id": "ida-hub-support:master",
            "repository": "ida-hub-support",
            "require_signed_commits": false,
            "required_pull_request_reviews": [
              {
                "dismiss_stale_reviews": true,
                "dismissal_teams": null,
                "dismissal_users": null,
                "include_admins": false,
                "require_code_owner_reviews": false,
                "required_approving_review_count": 2
              }
            ],
            "required_status_checks": [
              {
                "contexts": null,
                "include_admins": false,
                "strict": false
              }
            ],
            "restrictions": []
          },
          "depends_on": [
            "github_repository.repo"
          ]
        }
      ]
    },
    {
      "module": "module.repo_verify_frontend",
      "mode": "managed",
      "type": "github_branch_protection",
      "name": "repo_protect_master",
      "each": "list",
      "provider": "provider.github",
      "instances": [
        {
          "index_key": 0,
          "schema_version": 0,
          "attributes": {
            "branch": "master",
            "enforce_admins": false,
            "etag": "W/\"c68b9c6c3752514b9a20da9a96fd1520\"",
            "id": "verify-frontend:master",
            "repository": "verify-frontend",
            "require_signed_commits": false,
            "required_pull_request_reviews": [
              {
                "dismiss_stale_reviews": true,
                "dismissal_teams": null,
                "dismissal_users": null,
                "include_admins": false,
                "require_code_owner_reviews": false,
                "required_approving_review_count": 2
              }
            ],
            "required_status_checks": [
              {
                "contexts": null,
                "include_admins": false,
                "strict": false
              }
            ],
            "restrictions": []
          },
          "depends_on": [
            "github_repository.repo"
          ]
        }
      ]
    },
    {
      "module": "module.repo_verify_product_page",
      "mode": "managed",
      "type": "github_branch_protection",
      "name": "repo_protect_master",
      "each": "list",
      "provider": "provider.github",
      "instances": [
        {
          "index_key": 0,
          "schema_version": 0,
          "attributes": {
            "branch": "master",
            "enforce_admins": false,
            "etag": "W/\"6cb9e5958dcca7eecf0d02570b7e6055\"",
            "id": "verify-product-page:master",
            "repository": "verify-product-page",
            "require_signed_commits": false,
            "required_pull_request_reviews": [
              {
                "dismiss_stale_reviews": true,
                "dismissal_teams": null,
                "dismissal_users": null,
                "include_admins": false,
                "require_code_owner_reviews": false,
                "required_approving_review_count": 2
              }
            ],
            "required_status_checks": [
              {
                "contexts": null,
                "include_admins": false,
                "strict": false
              }
            ],
            "restrictions": []
          },
          "depends_on": [
            "github_repository.repo"
          ]
        }
      ]
    },
    {
      "module": "module.repo_verify_packages",
      "mode": "managed",
      "type": "github_branch_protection",
      "name": "repo_protect_master",
      "each": "list",
      "provider": "provider.github",
      "instances": [
        {
          "index_key": 0,
          "schema_version": 0,
          "attributes": {
            "branch": "master",
            "enforce_admins": false,
            "etag": "W/\"cce8acb3fb4744322460ee5829d5ceb7\"",
            "id": "verify-packages:master",
            "repository": "verify-packages",
            "require_signed_commits": false,
            "required_pull_request_reviews": [
              {
                "dismiss_stale_reviews": true,
                "dismissal_teams": null,
                "dismissal_users": null,
                "include_admins": false,
                "require_code_owner_reviews": false,
                "required_approving_review_count": 2
              }
            ],
            "required_status_checks": [
              {
                "contexts": null,
                "include_admins": false,
                "strict": false
              }
            ],
            "restrictions": []
          },
          "depends_on": [
            "github_repository.repo"
          ]
        }
      ]
    },
    {
      "module": "module.repo_verify_german_eidas_middleware",
      "mode": "managed",
      "type": "github_branch_protection",
      "name": "repo_protect_master",
      "each": "list",
      "provider": "provider.github",
      "instances": [
        {
          "index_key": 0,
          "schema_version": 0,
          "attributes": {
            "branch": "master",
            "enforce_admins": false,
            "etag": "W/\"15d71b5fa813a7e4ff18bde389d281b9\"",
            "id": "verify-german-eidas-middleware:master",
            "repository": "verify-german-eidas-middleware",
            "require_signed_commits": false,
            "required_pull_request_reviews": [
              {
                "dismiss_stale_reviews": true,
                "dismissal_teams": null,
                "dismissal_users": null,
                "include_admins": false,
                "require_code_owner_reviews": false,
                "required_approving_review_count": 2
              }
            ],
            "required_status_checks": [
              {
                "contexts": null,
                "include_admins": false,
                "strict": false
              }
            ],
            "restrictions": []
          },
          "depends_on": [
            "github_repository.repo"
          ]
        }
      ]
    },
    {
      "module": "module.repo_verify_performance_scripts",
      "mode": "managed",
      "type": "github_branch_protection",
      "name": "repo_protect_master",
      "each": "list",
      "provider": "provider.github",
      "instances": [
        {
          "index_key": 0,
          "schema_version": 0,
          "attributes": {
            "branch": "master",
            "enforce_admins": false,
            "etag": "W/\"dfd9c6bbe7664a1d58fb30aec1a14383\"",
            "id": "verify-performance-scripts:master",
            "repository": "verify-performance-scripts",
            "require_signed_commits": false,
            "required_pull_request_reviews": [
              {
                "dismiss_stale_reviews": true,
                "dismissal_teams": null,
                "dismissal_users": null,
                "include_admins": false,
                "require_code_owner_reviews": false,
                "required_approving_review_count": 2
              }
            ],
            "required_status_checks": [
              {
                "contexts": null,
                "include_admins": false,
                "strict": false
              }
            ],
            "restrictions": []
          },
          "depends_on": [
            "github_repository.repo"
          ]
        }
      ]
    },
    {
      "module": "module.repo_verify_boxes",
      "mode": "managed",
      "type": "github_branch_protection",
      "name": "repo_protect_master",
      "each": "list",
      "provider": "provider.github",
      "instances": [
        {
          "index_key": 0,
          "schema_version": 0,
          "attributes": {
            "branch": "master",
            "enforce_admins": false,
            "etag": "W/\"6d056d6ca427ff617f6c00b2d8b51394\"",
            "id": "verify-boxes:master",
            "repository": "verify-boxes",
            "require_signed_commits": false,
            "required_pull_request_reviews": [
              {
                "dismiss_stale_reviews": true,
                "dismissal_teams": null,
                "dismissal_users": null,
                "include_admins": false,
                "require_code_owner_reviews": false,
                "required_approving_review_count": 2
              }
            ],
            "required_status_checks": [
              {
                "contexts": null,
                "include_admins": false,
                "strict": false
              }
            ],
            "restrictions": []
          },
          "depends_on": [
            "github_repository.repo"
          ]
        }
      ]
    },
    {
      "module": "module.repo_verify_release_automation",
      "mode": "managed",
      "type": "github_branch_protection",
      "name": "repo_protect_master",
      "each": "list",
      "provider": "provider.github",
      "instances": [
        {
          "index_key": 0,
          "schema_version": 0,
          "attributes": {
            "branch": "master",
            "enforce_admins": false,
            "etag": "W/\"fb350bc7e8b37acfb66351b08f196951\"",
            "id": "verify-release-automation:master",
            "repository": "verify-release-automation",
            "require_signed_commits": false,
            "required_pull_request_reviews": [
              {
                "dismiss_stale_reviews": true,
                "dismissal_teams": null,
                "dismissal_users": null,
                "include_admins": false,
                "require_code_owner_reviews": false,
                "required_approving_review_count": 2
              }
            ],
            "required_status_checks": [
              {
                "contexts": null,
                "include_admins": false,
                "strict": false
              }
            ],
            "restrictions": []
          },
          "depends_on": [
            "github_repository.repo"
          ]
        }
      ]
    },
    {
      "module": "module.repo_verify_ansible",
      "mode": "managed",
      "type": "github_branch_protection",
      "name": "repo_protect_master",
      "each": "list",
      "provider": "provider.github",
      "instances": [
        {
          "index_key": 0,
          "schema_version": 0,
          "attributes": {
            "branch": "master",
            "enforce_admins": false,
            "etag": "W/\"a153d661e0a948589197e62af71e368a\"",
            "id": "verify-ansible:master",
            "repository": "verify-ansible",
            "require_signed_commits": false,
            "required_pull_request_reviews": [
              {
                "dismiss_stale_reviews": true,
                "dismissal_teams": null,
                "dismissal_users": null,
                "include_admins": false,
                "require_code_owner_reviews": false,
                "required_approving_review_count": 2
              }
            ],
            "required_status_checks": [
              {
                "contexts": null,
                "include_admins": false,
                "strict": false
              }
            ],
            "restrictions": []
          },
          "depends_on": [
            "github_repository.repo"
          ]
        }
      ]
    },
    {
      "module": "module.repo_verify_local_startup",
      "mode": "managed",
      "type": "github_branch_protection",
      "name": "repo_protect_master",
      "each": "list",
      "provider": "provider.github",
      "instances": [
        {
          "index_key": 0,
          "schema_version": 0,
          "attributes": {
            "branch": "master",
            "enforce_admins": false,
            "etag": "W/\"47809cf272d8d8357c7278968d9088f1\"",
            "id": "verify-local-startup:master",
            "repository": "verify-local-startup",
            "require_signed_commits": false,
            "required_pull_request_reviews": [
              {
                "dismiss_stale_reviews": true,
                "dismissal_teams": null,
                "dismissal_users": null,
                "include_admins": false,
                "require_code_owner_reviews": false,
                "required_approving_review_count": 2
              }
            ],
            "required_status_checks": [
              {
                "contexts": null,
                "include_admins": false,
                "strict": false
              }
            ],
            "restrictions": []
          },
          "depends_on": [
            "github_repository.repo"
          ]
        }
      ]
    },
    {
      "module": "module.repo_dcs_client_acceptance_tests",
      "mode": "managed",
      "type": "github_branch_protection",
      "name": "repo_protect_master",
      "each": "list",
      "provider": "provider.github",
      "instances": [
        {
          "index_key": 0,
          "schema_version": 0,
          "attributes": {
            "branch": "master",
            "enforce_admins": false,
            "etag": "W/\"ab04f0e826918ec613d29b1bf5bd41bf\"",
            "id": "dcs-client-acceptance-tests:master",
            "repository": "dcs-client-acceptance-tests",
            "require_signed_commits": false,
            "required_pull_request_reviews": [
              {
                "dismiss_stale_reviews": true,
                "dismissal_teams": null,
                "dismissal_users": null,
                "include_admins": false,
                "require_code_owner_reviews": false,
                "required_approving_review_count": 2
              }
            ],
            "required_status_checks": [
              {
                "contexts": null,
                "include_admins": false,
                "strict": false
              }
            ],
            "restrictions": []
          },
          "depends_on": [
            "github_repository.repo"
          ]
        }
      ]
    },
    {
      "module": "module.repo_verify_test_rp",
      "mode": "managed",
      "type": "github_branch_protection",
      "name": "repo_protect_master",
      "each": "list",
      "provider": "provider.github",
      "instances": [
        {
          "index_key": 0,
          "schema_version": 0,
          "attributes": {
            "branch": "master",
            "enforce_admins": false,
            "etag": "W/\"b18c87801276de31ca1d2b0dd5f4ad26\"",
            "id": "verify-test-rp:master",
            "repository": "verify-test-rp",
            "require_signed_commits": false,
            "required_pull_request_reviews": [
              {
                "dismiss_stale_reviews": true,
                "dismissal_teams": null,
                "dismissal_users": null,
                "include_admins": false,
                "require_code_owner_reviews": false,
                "required_approving_review_count": 2
              }
            ],
            "required_status_checks": [
              {
                "contexts": null,
                "include_admins": false,
                "strict": false
              }
            ],
            "restrictions": []
          },
          "depends_on": [
            "github_repository.repo"
          ]
        }
      ]
    },
    {
      "module": "module.repo_dropwizard_logstash",
      "mode": "managed",
      "type": "github_branch_protection",
      "name": "repo_protect_master",
      "each": "list",
      "provider": "provider.github",
      "instances": [
        {
          "index_key": 0,
          "schema_version": 0,
          "attributes": {
            "branch": "master",
            "enforce_admins": false,
            "etag": "W/\"180a6f7f110a8f604794e2e4ae600657\"",
            "id": "dropwizard-logstash:master",
            "repository": "dropwizard-logstash",
            "require_signed_commits": false,
            "required_pull_request_reviews": [
              {
                "dismiss_stale_reviews": true,
                "dismissal_teams": null,
                "dismissal_users": null,
                "include_admins": false,
                "require_code_owner_reviews": false,
                "required_approving_review_count": 2
              }
            ],
            "required_status_checks": [
              {
                "contexts": null,
                "include_admins": false,
                "strict": false
              }
            ],
            "restrictions": []
          },
          "depends_on": [
            "github_repository.repo"
          ]
        }
      ]
    },
    {
      "module": "module.repo_verify_infrastructure",
      "mode": "managed",
      "type": "github_branch_protection",
      "name": "repo_protect_master",
      "each": "list",
      "provider": "provider.github",
      "instances": [
        {
          "index_key": 0,
          "schema_version": 0,
          "attributes": {
            "branch": "master",
            "enforce_admins": false,
            "etag": "W/\"9524db44d678192e69eb44f08c29dbc2\"",
            "id": "verify-infrastructure:master",
            "repository": "verify-infrastructure",
            "require_signed_commits": false,
            "required_pull_request_reviews": [
              {
                "dismiss_stale_reviews": true,
                "dismissal_teams": null,
                "dismissal_users": null,
                "include_admins": false,
                "require_code_owner_reviews": false,
                "required_approving_review_count": 2
              }
            ],
            "required_status_checks": [
              {
                "contexts": null,
                "include_admins": false,
                "strict": false
              }
            ],
            "restrictions": []
          },
          "depends_on": [
            "github_repository.repo"
          ]
        }
      ]
    },
    {
      "module": "module.repo_verify_event_emitter",
      "mode": "managed",
      "type": "github_branch_protection",
      "name": "repo_protect_master",
      "each": "list",
      "provider": "provider.github",
      "instances": [
        {
          "index_key": 0,
          "schema_version": 0,
          "attributes": {
            "branch": "master",
            "enforce_admins": false,
            "etag": "W/\"146c29c53063f7b1d44edc9420ccd9bf\"",
            "id": "verify-event-emitter:master",
            "repository": "verify-event-emitter",
            "require_signed_commits": false,
            "required_pull_request_reviews": [
              {
                "dismiss_stale_reviews": true,
                "dismissal_teams": null,
                "dismissal_users": null,
                "include_admins": false,
                "require_code_owner_reviews": false,
                "required_approving_review_count": 2
              }
            ],
            "required_status_checks": [
              {
                "contexts": null,
                "include_admins": false,
                "strict": false
              }
            ],
            "restrictions": []
          },
          "depends_on": [
            "github_repository.repo"
          ]
        }
      ]
    },
    {
      "module": "module.repo_ida_compliance_tool",
      "mode": "managed",
      "type": "github_branch_protection",
      "name": "repo_protect_master",
      "each": "list",
      "provider": "provider.github",
      "instances": [
        {
          "index_key": 0,
          "schema_version": 0,
          "attributes": {
            "branch": "master",
            "enforce_admins": false,
            "etag": "W/\"4fd5cda683eb5a6575acc0b68471ef6d\"",
            "id": "ida-compliance-tool:master",
            "repository": "ida-compliance-tool",
            "require_signed_commits": false,
            "required_pull_request_reviews": [
              {
                "dismiss_stale_reviews": true,
                "dismissal_teams": null,
                "dismissal_users": null,
                "include_admins": false,
                "require_code_owner_reviews": false,
                "required_approving_review_count": 2
              }
            ],
            "required_status_checks": [
              {
                "contexts": null,
                "include_admins": false,
                "strict": false
              }
            ],
            "restrictions": []
          },
          "depends_on": [
            "github_repository.repo"
          ]
        }
      ]
    },
    {
      "module": "module.repo_verify_idp_pid_hasherator",
      "mode": "managed",
      "type": "github_branch_protection",
      "name": "repo_protect_master",
      "each": "list",
      "provider": "provider.github",
      "instances": [
        {
          "index_key": 0,
          "schema_version": 0,
          "attributes": {
            "branch": "master",
            "enforce_admins": false,
            "etag": "W/\"ebca6f69751302160717d881cd9289b1\"",
            "id": "verify-idp-pid-hasherator:master",
            "repository": "verify-idp-pid-hasherator",
            "require_signed_commits": false,
            "required_pull_request_reviews": [
              {
                "dismiss_stale_reviews": true,
                "dismissal_teams": null,
                "dismissal_users": null,
                "include_admins": false,
                "require_code_owner_reviews": false,
                "required_approving_review_count": 2
              }
            ],
            "required_status_checks": [
              {
                "contexts": null,
                "include_admins": false,
                "strict": false
              }
            ],
            "restrictions": []
          },
          "depends_on": [
            "github_repository.repo"
          ]
        }
      ]
    },
    {
      "module": "module.repo_ida_performance_tests",
      "mode": "managed",
      "type": "github_branch_protection",
      "name": "repo_protect_master",
      "each": "list",
      "provider": "provider.github",
      "instances": [
        {
          "index_key": 0,
          "schema_version": 0,
          "attributes": {
            "branch": "master",
            "enforce_admins": false,
            "etag": "W/\"1b781c09cc2a74c3d07aff3a39e39113\"",
            "id": "ida-performance-tests:master",
            "repository": "ida-performance-tests",
            "require_signed_commits": false,
            "required_pull_request_reviews": [
              {
                "dismiss_stale_reviews": true,
                "dismissal_teams": null,
                "dismissal_users": null,
                "include_admins": false,
                "require_code_owner_reviews": false,
                "required_approving_review_count": 2
              }
            ],
            "required_status_checks": [
              {
                "contexts": null,
                "include_admins": false,
                "strict": false
              }
            ],
            "restrictions": []
          },
          "depends_on": [
            "github_repository.repo"
          ]
        }
      ]
    },
    {
      "module": "module.repo_verify_gradle",
      "mode": "managed",
      "type": "github_branch_protection",
      "name": "repo_protect_master",
      "each": "list",
      "provider": "provider.github",
      "instances": [
        {
          "index_key": 0,
          "schema_version": 0,
          "attributes": {
            "branch": "master",
            "enforce_admins": false,
            "etag": "W/\"e3e4c68b343a285baecb02a07cc06e4f\"",
            "id": "verify-gradle:master",
            "repository": "verify-gradle",
            "require_signed_commits": false,
            "required_pull_request_reviews": [
              {
                "dismiss_stale_reviews": true,
                "dismissal_teams": null,
                "dismissal_users": null,
                "include_admins": false,
                "require_code_owner_reviews": false,
                "required_approving_review_count": 2
              }
            ],
            "required_status_checks": [
              {
                "contexts": null,
                "include_admins": false,
                "strict": false
              }
            ],
            "restrictions": []
          },
          "depends_on": [
            "github_repository.repo"
          ]
        }
      ]
    },
    {
      "module": "module.repo_verify_il3_laptop_bootstrap",
      "mode": "managed",
      "type": "github_branch_protection",
      "name": "repo_protect_master",
      "each": "list",
      "provider": "provider.github",
      "instances": [
        {
          "index_key": 0,
          "schema_version": 0,
          "attributes": {
            "branch": "master",
            "enforce_admins": false,
            "etag": "W/\"d638bb9cd98dfdd15bb2518ec7d27c56\"",
            "id": "verify-il3-laptop-bootstrap:master",
            "repository": "verify-il3-laptop-bootstrap",
            "require_signed_commits": false,
            "required_pull_request_reviews": [
              {
                "dismiss_stale_reviews": true,
                "dismissal_teams": null,
                "dismissal_users": null,
                "include_admins": false,
                "require_code_owner_reviews": false,
                "required_approving_review_count": 2
              }
            ],
            "required_status_checks": [
              {
                "contexts": null,
                "include_admins": false,
                "strict": false
              }
            ],
            "restrictions": []
          },
          "depends_on": [
            "github_repository.repo"
          ]
        }
      ]
    },
    {
      "module": "module.repo_dcs_performance_tests",
      "mode": "managed",
      "type": "github_branch_protection",
      "name": "repo_protect_master",
      "each": "list",
      "provider": "provider.github",
      "instances": [
        {
          "index_key": 0,
          "schema_version": 0,
          "attributes": {
            "branch": "master",
            "enforce_admins": false,
            "etag": "W/\"f413292a811c8e5b14276cde3a4c95a8\"",
            "id": "dcs-performance-tests:master",
            "repository": "dcs-performance-tests",
            "require_signed_commits": false,
            "required_pull_request_reviews": [
              {
                "dismiss_stale_reviews": true,
                "dismissal_teams": null,
                "dismissal_users": null,
                "include_admins": false,
                "require_code_owner_reviews": false,
                "required_approving_review_count": 2
              }
            ],
            "required_status_checks": [
              {
                "contexts": null,
                "include_admins": false,
                "strict": false
              }
            ],
            "restrictions": []
          },
          "depends_on": [
            "github_repository.repo"
          ]
        }
      ]
    },
    {
      "module": "module.repo_doc_checking",
      "mode": "managed",
      "type": "github_branch_protection",
      "name": "repo_protect_master",
      "each": "list",
      "provider": "provider.github",
      "instances": [
        {
          "index_key": 0,
          "schema_version": 0,
          "attributes": {
            "branch": "master",
            "enforce_admins": false,
            "etag": "W/\"e288ed21a9df3546eae3ac12b0b2f1d3\"",
            "id": "doc-checking:master",
            "repository": "doc-checking",
            "require_signed_commits": false,
            "required_pull_request_reviews": [
              {
                "dismiss_stale_reviews": true,
                "dismissal_teams": null,
                "dismissal_users": null,
                "include_admins": false,
                "require_code_owner_reviews": false,
                "required_approving_review_count": 2
              }
            ],
            "required_status_checks": [
              {
                "contexts": null,
                "include_admins": false,
                "strict": false
              }
            ],
            "restrictions": []
          },
          "depends_on": [
            "github_repository.repo"
          ]
        }
      ]
    },
    {
      "module": "module.repo_verify_build_scripts",
      "mode": "managed",
      "type": "github_branch_protection",
      "name": "repo_protect_master",
      "each": "list",
      "provider": "provider.github",
      "instances": [
        {
          "index_key": 0,
          "schema_version": 0,
          "attributes": {
            "branch": "master",
            "enforce_admins": false,
            "etag": "W/\"b7364818347845ae9ec861ce1923fd32\"",
            "id": "verify-build-scripts:master",
            "repository": "verify-build-scripts",
            "require_signed_commits": false,
            "required_pull_request_reviews": [
              {
                "dismiss_stale_reviews": true,
                "dismissal_teams": null,
                "dismissal_users": null,
                "include_admins": false,
                "require_code_owner_reviews": false,
                "required_approving_review_count": 2
              }
            ],
            "required_status_checks": [
              {
                "contexts": null,
                "include_admins": false,
                "strict": false
              }
            ],
            "restrictions": []
          },
          "depends_on": [
            "github_repository.repo"
          ]
        }
      ]
    },
    {
      "module": "module.repo_verify_event_emitter_loader",
      "mode": "managed",
      "type": "github_branch_protection",
      "name": "repo_protect_master",
      "each": "list",
      "provider": "provider.github",
      "instances": [
        {
          "index_key": 0,
          "schema_version": 0,
          "attributes": {
            "branch": "master",
            "enforce_admins": false,
            "etag": "W/\"62d1d97e3c3df3647eb1b9a6fc692e47\"",
            "id": "verify-event-emitter-loader:master",
            "repository": "verify-event-emitter-loader",
            "require_signed_commits": false,
            "required_pull_request_reviews": [
              {
                "dismiss_stale_reviews": true,
                "dismissal_teams": null,
                "dismissal_users": null,
                "include_admins": false,
                "require_code_owner_reviews": false,
                "required_approving_review_count": 2
              }
            ],
            "required_status_checks": [
              {
                "contexts": null,
                "include_admins": false,
                "strict": false
              }
            ],
            "restrictions": []
          },
          "depends_on": [
            "github_repository.repo"
          ]
        }
      ]
    },
    {
      "module": "module.repo_verify_eidas_mw_run",
      "mode": "managed",
      "type": "github_branch_protection",
      "name": "repo_protect_master",
      "each": "list",
      "provider": "provider.github",
      "instances": [
        {
          "index_key": 0,
          "schema_version": 0,
          "attributes": {
            "branch": "master",
            "enforce_admins": false,
            "etag": "W/\"eed21d178bc3466466f57bfa7ef4e32c\"",
            "id": "verify-eidas-mw-run:master",
            "repository": "verify-eidas-mw-run",
            "require_signed_commits": false,
            "required_pull_request_reviews": [
              {
                "dismiss_stale_reviews": true,
                "dismissal_teams": null,
                "dismissal_users": null,
                "include_admins": false,
                "require_code_owner_reviews": false,
                "required_approving_review_count": 2
              }
            ],
            "required_status_checks": [
              {
                "contexts": null,
                "include_admins": false,
                "strict": false
              }
            ],
            "restrictions": []
          },
          "depends_on": [
            "github_repository.repo"
          ]
        }
      ]
    },
    {
      "module": "module.repo_verify_event_system_database_scripts",
      "mode": "managed",
      "type": "github_branch_protection",
      "name": "repo_protect_master",
      "each": "list",
      "provider": "provider.github",
      "instances": [
        {
          "index_key": 0,
          "schema_version": 0,
          "attributes": {
            "branch": "master",
            "enforce_admins": false,
            "etag": "W/\"a008520483416421f02a068b0d4c4436\"",
            "id": "verify-event-system-database-scripts:master",
            "repository": "verify-event-system-database-scripts",
            "require_signed_commits": false,
            "required_pull_request_reviews": [
              {
                "dismiss_stale_reviews": true,
                "dismissal_teams": null,
                "dismissal_users": null,
                "include_admins": false,
                "require_code_owner_reviews": false,
                "required_approving_review_count": 2
              }
            ],
            "required_status_checks": [
              {
                "contexts": null,
                "include_admins": false,
                "strict": false
              }
            ],
            "restrictions": []
          },
          "depends_on": [
            "github_repository.repo"
          ]
        }
      ]
    },
    {
      "module": "module.repo_verify_eidas_metadata_aggregator",
      "mode": "managed",
      "type": "github_branch_protection",
      "name": "repo_protect_master",
      "each": "list",
      "provider": "provider.github",
      "instances": [
        {
          "index_key": 0,
          "schema_version": 0,
          "attributes": {
            "branch": "master",
            "enforce_admins": false,
            "etag": "W/\"d3cda599842ededeff7668032176bc94\"",
            "id": "verify-eidas-metadata-aggregator:master",
            "repository": "verify-eidas-metadata-aggregator",
            "require_signed_commits": false,
            "required_pull_request_reviews": [
              {
                "dismiss_stale_reviews": true,
                "dismissal_teams": null,
                "dismissal_users": null,
                "include_admins": false,
                "require_code_owner_reviews": false,
                "required_approving_review_count": 2
              }
            ],
            "required_status_checks": [
              {
                "contexts": null,
                "include_admins": false,
                "strict": false
              }
            ],
            "restrictions": []
          },
          "depends_on": [
            "github_repository.repo"
          ]
        }
      ]
    },
    {
      "module": "module.repo_verify_idp_predictor",
      "mode": "managed",
      "type": "github_branch_protection",
      "name": "repo_protect_master",
      "each": "list",
      "provider": "provider.github",
      "instances": [
        {
          "index_key": 0,
          "schema_version": 0,
          "attributes": {
            "branch": "master",
            "enforce_admins": false,
            "etag": "W/\"fdb5b9b152a6ad69dd01b94c91ef4129\"",
            "id": "verify-idp-predictor:master",
            "repository": "verify-idp-predictor",
            "require_signed_commits": false,
            "required_pull_request_reviews": [
              {
                "dismiss_stale_reviews": true,
                "dismissal_teams": null,
                "dismissal_users": null,
                "include_admins": false,
                "require_code_owner_reviews": false,
                "required_approving_review_count": 2
              }
            ],
            "required_status_checks": [
              {
                "contexts": null,
                "include_admins": false,
                "strict": false
              }
            ],
            "restrictions": []
          },
          "depends_on": [
            "github_repository.repo"
          ]
        }
      ]
    },
    {
      "module": "module.repo_verify_release_logs",
      "mode": "managed",
      "type": "github_branch_protection",
      "name": "repo_protect_master",
      "each": "list",
      "provider": "provider.github",
      "instances": []
    },
    {
      "module": "module.repo_verify_architecture",
      "mode": "managed",
      "type": "github_branch_protection",
      "name": "repo_protect_master",
      "each": "list",
      "provider": "provider.github",
      "instances": [
        {
          "index_key": 0,
          "schema_version": 0,
          "attributes": {
            "branch": "master",
            "enforce_admins": false,
            "etag": "W/\"14f2dc1979280fca23e08caacac23ddc\"",
            "id": "verify-architecture:master",
            "repository": "verify-architecture",
            "require_signed_commits": false,
            "required_pull_request_reviews": [
              {
                "dismiss_stale_reviews": true,
                "dismissal_teams": null,
                "dismissal_users": null,
                "include_admins": false,
                "require_code_owner_reviews": false,
                "required_approving_review_count": 2
              }
            ],
            "required_status_checks": [
              {
                "contexts": null,
                "include_admins": false,
                "strict": false
              }
            ],
            "restrictions": []
          },
          "depends_on": [
            "github_repository.repo"
          ]
        }
      ]
    },
    {
      "module": "module.repo_verify_self_service_infrastructure",
      "mode": "managed",
      "type": "github_branch_protection",
      "name": "repo_protect_master",
      "each": "list",
      "provider": "provider.github",
      "instances": [
        {
          "index_key": 0,
          "schema_version": 0,
          "attributes": {
            "branch": "master",
            "enforce_admins": false,
            "etag": "W/\"a3e3f156b79c85e5c1e3d8f49157887a\"",
            "id": "verify-self-service-infrastructure:master",
            "repository": "verify-self-service-infrastructure",
            "require_signed_commits": false,
            "required_pull_request_reviews": [
              {
                "dismiss_stale_reviews": true,
                "dismissal_teams": null,
                "dismissal_users": null,
                "include_admins": false,
                "require_code_owner_reviews": false,
                "required_approving_review_count": 2
              }
            ],
            "required_status_checks": [
              {
                "contexts": null,
                "include_admins": false,
                "strict": false
              }
            ],
            "restrictions": []
          },
          "depends_on": [
            "github_repository.repo"
          ]
        }
      ]
    },
    {
      "module": "module.repo_verify_blackbox_passwords",
      "mode": "managed",
      "type": "github_branch_protection",
      "name": "repo_protect_master",
      "each": "list",
      "provider": "provider.github",
      "instances": []
    },
    {
      "module": "module.repo_verify_hub_federation_config",
      "mode": "managed",
      "type": "github_branch_protection",
      "name": "repo_protect_master",
      "each": "list",
      "provider": "provider.github",
      "instances": [
        {
          "index_key": 0,
          "schema_version": 0,
          "attributes": {
            "branch": "master",
            "enforce_admins": false,
            "etag": "W/\"63d50c472f5ade4edbad82e68c2b0b6a\"",
            "id": "verify-hub-federation-config:master",
            "repository": "verify-hub-federation-config",
            "require_signed_commits": false,
            "required_pull_request_reviews": [
              {
                "dismiss_stale_reviews": true,
                "dismissal_teams": null,
                "dismissal_users": null,
                "include_admins": false,
                "require_code_owner_reviews": false,
                "required_approving_review_count": 2
              }
            ],
            "required_status_checks": [
              {
                "contexts": null,
                "include_admins": false,
                "strict": false
              }
            ],
            "restrictions": []
          },
          "depends_on": [
            "github_repository.repo"
          ]
        }
      ]
    },
    {
      "module": "module.repo_verify_test_repo",
      "mode": "managed",
      "type": "github_branch_protection",
      "name": "repo_protect_master",
      "each": "list",
      "provider": "provider.github",
      "instances": [
        {
          "index_key": 0,
          "schema_version": 0,
          "attributes": {
            "branch": "master",
            "enforce_admins": false,
            "etag": "W/\"1f29f1f162c3de6b78a0cccedb1acff8\"",
            "id": "verify-test-repo:master",
            "repository": "verify-test-repo",
            "require_signed_commits": false,
            "required_pull_request_reviews": [
              {
                "dismiss_stale_reviews": true,
                "dismissal_teams": null,
                "dismissal_users": null,
                "include_admins": false,
                "require_code_owner_reviews": false,
                "required_approving_review_count": 2
              }
            ],
            "required_status_checks": [
              {
                "contexts": null,
                "include_admins": false,
                "strict": false
              }
            ],
            "restrictions": []
          },
          "depends_on": [
            "github_repository.repo"
          ]
        }
      ]
    },
    {
      "module": "module.repo_verify_proxy_node_infra",
      "mode": "managed",
      "type": "github_branch_protection",
      "name": "repo_protect_master",
      "each": "list",
      "provider": "provider.github",
      "instances": [
        {
          "index_key": 0,
          "schema_version": 0,
          "attributes": {
            "branch": "master",
            "enforce_admins": false,
            "etag": "W/\"9a1592d7412cbc9afb76fad48eb5791c\"",
            "id": "verify-proxy-node-infra:master",
            "repository": "verify-proxy-node-infra",
            "require_signed_commits": false,
            "required_pull_request_reviews": [
              {
                "dismiss_stale_reviews": true,
                "dismissal_teams": null,
                "dismissal_users": null,
                "include_admins": false,
                "require_code_owner_reviews": false,
                "required_approving_review_count": 2
              }
            ],
            "required_status_checks": [
              {
                "contexts": null,
                "include_admins": false,
                "strict": false
              }
            ],
            "restrictions": []
          },
          "depends_on": [
            "github_repository.repo"
          ]
        }
      ]
    },
    {
      "module": "module.repo_metadata_checker",
      "mode": "managed",
      "type": "github_branch_protection",
      "name": "repo_protect_master",
      "each": "list",
      "provider": "provider.github",
      "instances": [
        {
          "index_key": 0,
          "schema_version": 0,
          "attributes": {
            "branch": "master",
            "enforce_admins": false,
            "etag": "W/\"4c83dd4e59232becbf57c7048a8ab9dd\"",
            "id": "metadata-checker:master",
            "repository": "metadata-checker",
            "require_signed_commits": false,
            "required_pull_request_reviews": [
              {
                "dismiss_stale_reviews": true,
                "dismissal_teams": null,
                "dismissal_users": null,
                "include_admins": false,
                "require_code_owner_reviews": false,
                "required_approving_review_count": 2
              }
            ],
            "required_status_checks": [
              {
                "contexts": null,
                "include_admins": false,
                "strict": false
              }
            ],
            "restrictions": []
          },
          "depends_on": [
            "github_repository.repo"
          ]
        }
      ]
    },
    {
      "module": "module.repo_verify_terraform",
      "mode": "managed",
      "type": "github_branch_protection",
      "name": "repo_protect_master",
      "each": "list",
      "provider": "provider.github",
      "instances": [
        {
          "index_key": 0,
          "schema_version": 0,
          "attributes": {
            "branch": "master",
            "enforce_admins": false,
            "etag": "W/\"1dd1109aaf6e798d141dd5929238c0fa\"",
            "id": "verify-terraform:master",
            "repository": "verify-terraform",
            "require_signed_commits": false,
            "required_pull_request_reviews": [
              {
                "dismiss_stale_reviews": true,
                "dismissal_teams": null,
                "dismissal_users": null,
                "include_admins": false,
                "require_code_owner_reviews": false,
                "required_approving_review_count": 2
              }
            ],
            "required_status_checks": [
              {
                "contexts": null,
                "include_admins": false,
                "strict": false
              }
            ],
            "restrictions": []
          },
          "depends_on": [
            "github_repository.repo"
          ]
        }
      ]
    },
    {
      "module": "module.repo_splunk_library_javalogging",
      "mode": "managed",
      "type": "github_branch_protection",
      "name": "repo_protect_master",
      "each": "list",
      "provider": "provider.github",
      "instances": [
        {
          "index_key": 0,
          "schema_version": 0,
          "attributes": {
            "branch": "master",
            "enforce_admins": false,
            "etag": "W/\"97f897840003ca61ad40c7a6af60e5e4\"",
            "id": "splunk-library-javalogging:master",
            "repository": "splunk-library-javalogging",
            "require_signed_commits": false,
            "required_pull_request_reviews": [
              {
                "dismiss_stale_reviews": true,
                "dismissal_teams": null,
                "dismissal_users": null,
                "include_admins": false,
                "require_code_owner_reviews": false,
                "required_approving_review_count": 2
              }
            ],
            "required_status_checks": [
              {
                "contexts": null,
                "include_admins": false,
                "strict": false
              }
            ],
            "restrictions": []
          },
          "depends_on": [
            "github_repository.repo"
          ]
        }
      ]
    },
    {
      "module": "module.repo_verify_support_form",
      "mode": "managed",
      "type": "github_branch_protection",
      "name": "repo_protect_master",
      "each": "list",
      "provider": "provider.github",
      "instances": [
        {
          "index_key": 0,
          "schema_version": 0,
          "attributes": {
            "branch": "master",
            "enforce_admins": false,
            "etag": "W/\"1fa9906d7ca1772bd624d3c41be1b61b\"",
            "id": "verify-support-form:master",
            "repository": "verify-support-form",
            "require_signed_commits": false,
            "required_pull_request_reviews": [
              {
                "dismiss_stale_reviews": true,
                "dismissal_teams": null,
                "dismissal_users": null,
                "include_admins": false,
                "require_code_owner_reviews": false,
                "required_approving_review_count": 2
              }
            ],
            "required_status_checks": [
              {
                "contexts": null,
                "include_admins": false,
                "strict": false
              }
            ],
            "restrictions": []
          },
          "depends_on": [
            "github_repository.repo"
          ]
        }
      ]
    },
    {
      "module": "module.repo_verify_eidas_mw_config_generator",
      "mode": "managed",
      "type": "github_branch_protection",
      "name": "repo_protect_master",
      "each": "list",
      "provider": "provider.github",
      "instances": [
        {
          "index_key": 0,
          "schema_version": 0,
          "attributes": {
            "branch": "master",
            "enforce_admins": false,
            "etag": "W/\"8d679fdca9ff704fab2c485a5fb76fe8\"",
            "id": "verify-eidas-mw-config-generator:master",
            "repository": "verify-eidas-mw-config-generator",
            "require_signed_commits": false,
            "required_pull_request_reviews": [
              {
                "dismiss_stale_reviews": true,
                "dismissal_teams": null,
                "dismissal_users": null,
                "include_admins": false,
                "require_code_owner_reviews": false,
                "required_approving_review_count": 2
              }
            ],
            "required_status_checks": [
              {
                "contexts": null,
                "include_admins": false,
                "strict": false
              }
            ],
            "restrictions": []
          },
          "depends_on": [
            "github_repository.repo"
          ]
        }
      ]
    },
    {
      "module": "module.repo_verify_infrastructure_config",
      "mode": "managed",
      "type": "github_branch_protection",
      "name": "repo_protect_master",
      "each": "list",
      "provider": "provider.github",
      "instances": [
        {
          "index_key": 0,
          "schema_version": 0,
          "attributes": {
            "branch": "master",
            "enforce_admins": false,
            "etag": "W/\"e67393967c541f8fd2a47545008c7358\"",
            "id": "verify-infrastructure-config:master",
            "repository": "verify-infrastructure-config",
            "require_signed_commits": false,
            "required_pull_request_reviews": [
              {
                "dismiss_stale_reviews": true,
                "dismissal_teams": null,
                "dismissal_users": null,
                "include_admins": false,
                "require_code_owner_reviews": false,
                "required_approving_review_count": 2
              }
            ],
            "required_status_checks": [
              {
                "contexts": null,
                "include_admins": false,
                "strict": false
              }
            ],
            "restrictions": []
          },
          "depends_on": [
            "github_repository.repo"
          ]
        }
      ]
    },
    {
      "module": "module.repo_verify_stub_idp_federation_config",
      "mode": "managed",
      "type": "github_branch_protection",
      "name": "repo_protect_master",
      "each": "list",
      "provider": "provider.github",
      "instances": [
        {
          "index_key": 0,
          "schema_version": 0,
          "attributes": {
            "branch": "master",
            "enforce_admins": false,
            "etag": "W/\"792213cd14c114f3bbd37222b53e7b59\"",
            "id": "verify-stub-idp-federation-config:master",
            "repository": "verify-stub-idp-federation-config",
            "require_signed_commits": false,
            "required_pull_request_reviews": [
              {
                "dismiss_stale_reviews": true,
                "dismissal_teams": null,
                "dismissal_users": null,
                "include_admins": false,
                "require_code_owner_reviews": false,
                "required_approving_review_count": 2
              }
            ],
            "required_status_checks": [
              {
                "contexts": null,
                "include_admins": false,
                "strict": false
              }
            ],
            "restrictions": []
          },
          "depends_on": [
            "github_repository.repo"
          ]
        }
      ]
    },
    {
      "module": "module.repo_verify_fabric",
      "mode": "managed",
      "type": "github_branch_protection",
      "name": "repo_protect_master",
      "each": "list",
      "provider": "provider.github",
      "instances": [
        {
          "index_key": 0,
          "schema_version": 0,
          "attributes": {
            "branch": "master",
            "enforce_admins": false,
            "etag": "W/\"162034772b95f58146b8284312b88fcd\"",
            "id": "verify-fabric:master",
            "repository": "verify-fabric",
            "require_signed_commits": false,
            "required_pull_request_reviews": [
              {
                "dismiss_stale_reviews": true,
                "dismissal_teams": null,
                "dismissal_users": null,
                "include_admins": false,
                "require_code_owner_reviews": false,
                "required_approving_review_count": 2
              }
            ],
            "required_status_checks": [
              {
                "contexts": null,
                "include_admins": false,
                "strict": false
              }
            ],
            "restrictions": []
          },
          "depends_on": [
            "github_repository.repo"
          ]
        }
      ]
    },
    {
      "module": "module.repo_verify_service_provider",
      "mode": "managed",
      "type": "github_branch_protection",
      "name": "repo_protect_master",
      "each": "list",
      "provider": "provider.github",
      "instances": [
        {
          "index_key": 0,
          "schema_version": 0,
          "attributes": {
            "branch": "master",
            "enforce_admins": false,
            "etag": "W/\"4e3c9436996c5273f85a93f8047ee7f0\"",
            "id": "verify-service-provider:master",
            "repository": "verify-service-provider",
            "require_signed_commits": false,
            "required_pull_request_reviews": [
              {
                "dismiss_stale_reviews": true,
                "dismissal_teams": null,
                "dismissal_users": null,
                "include_admins": false,
                "require_code_owner_reviews": false,
                "required_approving_review_count": 2
              }
            ],
            "required_status_checks": [
              {
                "contexts": null,
                "include_admins": false,
                "strict": false
              }
            ],
            "restrictions": []
          },
          "depends_on": [
            "github_repository.repo"
          ]
        }
      ]
    },
    {
      "module": "module.repo_verify_dashing",
      "mode": "managed",
      "type": "github_branch_protection",
      "name": "repo_protect_master",
      "each": "list",
      "provider": "provider.github",
      "instances": []
    },
    {
      "module": "module.repo_passport_verify_stub_relying_party",
      "mode": "managed",
      "type": "github_branch_protection",
      "name": "repo_protect_master",
      "each": "list",
      "provider": "provider.github",
      "instances": [
        {
          "index_key": 0,
          "schema_version": 0,
          "attributes": {
            "branch": "master",
            "enforce_admins": false,
            "etag": "W/\"c2c5a541fc225fd9b26a11642334a507\"",
            "id": "passport-verify-stub-relying-party:master",
            "repository": "passport-verify-stub-relying-party",
            "require_signed_commits": false,
            "required_pull_request_reviews": [
              {
                "dismiss_stale_reviews": true,
                "dismissal_teams": null,
                "dismissal_users": null,
                "include_admins": false,
                "require_code_owner_reviews": false,
                "required_approving_review_count": 2
              }
            ],
            "required_status_checks": [
              {
                "contexts": null,
                "include_admins": false,
                "strict": false
              }
            ],
            "restrictions": []
          },
          "depends_on": [
            "github_repository.repo"
          ]
        }
      ]
    },
    {
      "module": "module.repo_verify_frontend_federation_config",
      "mode": "managed",
      "type": "github_branch_protection",
      "name": "repo_protect_master",
      "each": "list",
      "provider": "provider.github",
      "instances": [
        {
          "index_key": 0,
          "schema_version": 0,
          "attributes": {
            "branch": "master",
            "enforce_admins": false,
            "etag": "W/\"77050a86be77da949bfce18409ce93ae\"",
            "id": "verify-frontend-federation-config:master",
            "repository": "verify-frontend-federation-config",
            "require_signed_commits": false,
            "required_pull_request_reviews": [
              {
                "dismiss_stale_reviews": true,
                "dismissal_teams": null,
                "dismissal_users": null,
                "include_admins": false,
                "require_code_owner_reviews": false,
                "required_approving_review_count": 2
              }
            ],
            "required_status_checks": [
              {
                "contexts": null,
                "include_admins": false,
                "strict": false
              }
            ],
            "restrictions": []
          },
          "depends_on": [
            "github_repository.repo"
          ]
        }
      ]
    },
    {
      "module": "module.repo_verify_event_recorder_service",
      "mode": "managed",
      "type": "github_branch_protection",
      "name": "repo_protect_master",
      "each": "list",
      "provider": "provider.github",
      "instances": [
        {
          "index_key": 0,
          "schema_version": 0,
          "attributes": {
            "branch": "master",
            "enforce_admins": false,
            "etag": "W/\"e5ce77b065795b0fb02fedfa5627cd6b\"",
            "id": "verify-event-recorder-service:master",
            "repository": "verify-event-recorder-service",
            "require_signed_commits": false,
            "required_pull_request_reviews": [
              {
                "dismiss_stale_reviews": true,
                "dismissal_teams": null,
                "dismissal_users": null,
                "include_admins": false,
                "require_code_owner_reviews": false,
                "required_approving_review_count": 2
              }
            ],
            "required_status_checks": [
              {
                "contexts": null,
                "include_admins": false,
                "strict": false
              }
            ],
            "restrictions": []
          },
          "depends_on": [
            "github_repository.repo"
          ]
        }
      ]
    },
    {
      "module": "module.repo_passport_verify",
      "mode": "managed",
      "type": "github_branch_protection",
      "name": "repo_protect_master",
      "each": "list",
      "provider": "provider.github",
      "instances": [
        {
          "index_key": 0,
          "schema_version": 0,
          "attributes": {
            "branch": "master",
            "enforce_admins": false,
            "etag": "W/\"66dabbd413e327c1609547c8b6a26c3e\"",
            "id": "passport-verify:master",
            "repository": "passport-verify",
            "require_signed_commits": false,
            "required_pull_request_reviews": [
              {
                "dismiss_stale_reviews": true,
                "dismissal_teams": null,
                "dismissal_users": null,
                "include_admins": false,
                "require_code_owner_reviews": false,
                "required_approving_review_count": 2
              }
            ],
            "required_status_checks": [
              {
                "contexts": null,
                "include_admins": false,
                "strict": false
              }
            ],
            "restrictions": []
          },
          "depends_on": [
            "github_repository.repo"
          ]
        }
      ]
    },
    {
      "module": "module.repo_verify_utils_libs",
      "mode": "managed",
      "type": "github_branch_protection",
      "name": "repo_protect_master",
      "each": "list",
      "provider": "provider.github",
      "instances": [
        {
          "index_key": 0,
          "schema_version": 0,
          "attributes": {
            "branch": "master",
            "enforce_admins": false,
            "etag": "W/\"015e4a99ac0725748bd462b10e609010\"",
            "id": "verify-utils-libs:master",
            "repository": "verify-utils-libs",
            "require_signed_commits": false,
            "required_pull_request_reviews": [
              {
                "dismiss_stale_reviews": true,
                "dismissal_teams": null,
                "dismissal_users": null,
                "include_admins": false,
                "require_code_owner_reviews": false,
                "required_approving_review_count": 2
              }
            ],
            "required_status_checks": [
              {
                "contexts": null,
                "include_admins": false,
                "strict": false
              }
            ],
            "restrictions": []
          },
          "depends_on": [
            "github_repository.repo"
          ]
        }
      ]
    },
    {
      "module": "module.repo_verify_metadata",
      "mode": "managed",
      "type": "github_branch_protection",
      "name": "repo_protect_master",
      "each": "list",
      "provider": "provider.github",
      "instances": [
        {
          "index_key": 0,
          "schema_version": 0,
          "attributes": {
            "branch": "master",
            "enforce_admins": false,
            "etag": "W/\"1e211d20bbd59f935e480d0f33eb2c51\"",
            "id": "verify-metadata:master",
            "repository": "verify-metadata",
            "require_signed_commits": false,
            "required_pull_request_reviews": [
              {
                "dismiss_stale_reviews": true,
                "dismissal_teams": null,
                "dismissal_users": null,
                "include_admins": false,
                "require_code_owner_reviews": false,
                "required_approving_review_count": 2
              }
            ],
            "required_status_checks": [
              {
                "contexts": null,
                "include_admins": false,
                "strict": false
              }
            ],
            "restrictions": []
          },
          "depends_on": [
            "github_repository.repo"
          ]
        }
      ]
    },
    {
      "module": "module.repo_verify_datascience_sandbox",
      "mode": "managed",
      "type": "github_branch_protection",
      "name": "repo_protect_master",
      "each": "list",
      "provider": "provider.github",
      "instances": [
        {
          "index_key": 0,
          "schema_version": 0,
          "attributes": {
            "branch": "master",
            "enforce_admins": false,
            "etag": "W/\"ac63f9e88b3d8ae9d849824059d73bc2\"",
            "id": "verify-datascience-sandbox:master",
            "repository": "verify-datascience-sandbox",
            "require_signed_commits": false,
            "required_pull_request_reviews": [
              {
                "dismiss_stale_reviews": true,
                "dismissal_teams": null,
                "dismissal_users": null,
                "include_admins": false,
                "require_code_owner_reviews": false,
                "required_approving_review_count": 2
              }
            ],
            "required_status_checks": [
              {
                "contexts": null,
                "include_admins": false,
                "strict": false
              }
            ],
            "restrictions": []
          },
          "depends_on": [
            "github_repository.repo"
          ]
        }
      ]
    },
    {
      "module": "module.repo_verify_jenkins_job_builder",
      "mode": "managed",
      "type": "github_branch_protection",
      "name": "repo_protect_master",
      "each": "list",
      "provider": "provider.github",
      "instances": [
        {
          "index_key": 0,
          "schema_version": 0,
          "attributes": {
            "branch": "master",
            "enforce_admins": false,
            "etag": "W/\"ec5dc44be32e9311cfd69ace6d02dd8d\"",
            "id": "verify-jenkins-job-builder:master",
            "repository": "verify-jenkins-job-builder",
            "require_signed_commits": false,
            "required_pull_request_reviews": [
              {
                "dismiss_stale_reviews": true,
                "dismissal_teams": null,
                "dismissal_users": null,
                "include_admins": false,
                "require_code_owner_reviews": false,
                "required_approving_review_count": 2
              }
            ],
            "required_status_checks": [
              {
                "contexts": null,
                "include_admins": false,
                "strict": false
              }
            ],
            "restrictions": []
          },
          "depends_on": [
            "github_repository.repo"
          ]
        }
      ]
    },
    {
      "module": "module.repo_verify_matching_service_adapter",
      "mode": "managed",
      "type": "github_branch_protection",
      "name": "repo_protect_master",
      "each": "list",
      "provider": "provider.github",
      "instances": [
        {
          "index_key": 0,
          "schema_version": 0,
          "attributes": {
            "branch": "master",
            "enforce_admins": false,
            "etag": "W/\"b643a99b319a6141ac0c0c869e4cc5e6\"",
            "id": "verify-matching-service-adapter:master",
            "repository": "verify-matching-service-adapter",
            "require_signed_commits": false,
            "required_pull_request_reviews": [
              {
                "dismiss_stale_reviews": true,
                "dismissal_teams": null,
                "dismissal_users": null,
                "include_admins": false,
                "require_code_owner_reviews": false,
                "required_approving_review_count": 2
              }
            ],
            "required_status_checks": [
              {
                "contexts": null,
                "include_admins": false,
                "strict": false
              }
            ],
            "restrictions": []
          },
          "depends_on": [
            "github_repository.repo"
          ]
        }
      ]
    },
    {
      "module": "module.repo_verify_data_pipeline_config",
      "mode": "managed",
      "type": "github_branch_protection",
      "name": "repo_protect_master",
      "each": "list",
      "provider": "provider.github",
      "instances": [
        {
          "index_key": 0,
          "schema_version": 0,
          "attributes": {
            "branch": "master",
            "enforce_admins": false,
            "etag": "W/\"d611bf21768c3acf8a16cd3adbcce71c\"",
            "id": "verify-data-pipeline-config:master",
            "repository": "verify-data-pipeline-config",
            "require_signed_commits": false,
            "required_pull_request_reviews": [
              {
                "dismiss_stale_reviews": true,
                "dismissal_teams": null,
                "dismissal_users": null,
                "include_admins": false,
                "require_code_owner_reviews": false,
                "required_approving_review_count": 2
              }
            ],
            "required_status_checks": [
              {
                "contexts": null,
                "include_admins": false,
                "strict": false
              }
            ],
            "restrictions": []
          },
          "depends_on": [
            "github_repository.repo"
          ]
        }
      ]
    },
    {
      "module": "module.repo_verify_acceptance_tests",
      "mode": "managed",
      "type": "github_branch_protection",
      "name": "repo_protect_master",
      "each": "list",
      "provider": "provider.github",
      "instances": [
        {
          "index_key": 0,
          "schema_version": 0,
          "attributes": {
            "branch": "master",
            "enforce_admins": false,
            "etag": "W/\"9d1240cfb6ca7250ca3db055effbc90c\"",
            "id": "verify-acceptance-tests:master",
            "repository": "verify-acceptance-tests",
            "require_signed_commits": false,
            "required_pull_request_reviews": [
              {
                "dismiss_stale_reviews": true,
                "dismissal_teams": null,
                "dismissal_users": null,
                "include_admins": false,
                "require_code_owner_reviews": false,
                "required_approving_review_count": 2
              }
            ],
            "required_status_checks": [
              {
                "contexts": null,
                "include_admins": false,
                "strict": false
              }
            ],
            "restrictions": []
          },
          "depends_on": [
            "github_repository.repo"
          ]
        }
      ]
    },
    {
      "module": "module.repo_verify_stub_idp",
      "mode": "managed",
      "type": "github_branch_protection",
      "name": "repo_protect_master",
      "each": "list",
      "provider": "provider.github",
      "instances": [
        {
          "index_key": 0,
          "schema_version": 0,
          "attributes": {
            "branch": "master",
            "enforce_admins": false,
            "etag": "W/\"0492ed5b40f366f128ba49cbaeaabb88\"",
            "id": "verify-stub-idp:master",
            "repository": "verify-stub-idp",
            "require_signed_commits": false,
            "required_pull_request_reviews": [
              {
                "dismiss_stale_reviews": true,
                "dismissal_teams": null,
                "dismissal_users": null,
                "include_admins": false,
                "require_code_owner_reviews": false,
                "required_approving_review_count": 2
              }
            ],
            "required_status_checks": [
              {
                "contexts": null,
                "include_admins": false,
                "strict": false
              }
            ],
            "restrictions": []
          },
          "depends_on": [
            "github_repository.repo"
          ]
        }
      ]
    },
    {
      "module": "module.repo_verify_data_schemas",
      "mode": "managed",
      "type": "github_branch_protection",
      "name": "repo_protect_master",
      "each": "list",
      "provider": "provider.github",
      "instances": [
        {
          "index_key": 0,
          "schema_version": 0,
          "attributes": {
            "branch": "master",
            "enforce_admins": false,
            "etag": "W/\"387158b7feef50957c4036bb8c54af0d\"",
            "id": "verify-data-schemas:master",
            "repository": "verify-data-schemas",
            "require_signed_commits": false,
            "required_pull_request_reviews": [
              {
                "dismiss_stale_reviews": true,
                "dismissal_teams": null,
                "dismissal_users": null,
                "include_admins": false,
                "require_code_owner_reviews": false,
                "required_approving_review_count": 2
              }
            ],
            "required_status_checks": [
              {
                "contexts": null,
                "include_admins": false,
                "strict": false
              }
            ],
            "restrictions": []
          },
          "depends_on": [
            "github_repository.repo"
          ]
        }
      ]
    },
    {
      "module": "module.repo_ida_hub_acceptance_tests",
      "mode": "managed",
      "type": "github_branch_protection",
      "name": "repo_protect_master",
      "each": "list",
      "provider": "provider.github",
      "instances": [
        {
          "index_key": 0,
          "schema_version": 0,
          "attributes": {
            "branch": "master",
            "enforce_admins": false,
            "etag": "W/\"bbe1a7bc5d8db2bf8cd689b06daec394\"",
            "id": "ida-hub-acceptance-tests:master",
            "repository": "ida-hub-acceptance-tests",
            "require_signed_commits": false,
            "required_pull_request_reviews": [
              {
                "dismiss_stale_reviews": true,
                "dismissal_teams": null,
                "dismissal_users": null,
                "include_admins": false,
                "require_code_owner_reviews": false,
                "required_approving_review_count": 2
              }
            ],
            "required_status_checks": [
              {
                "contexts": null,
                "include_admins": false,
                "strict": false
              }
            ],
            "restrictions": []
          },
          "depends_on": [
            "github_repository.repo"
          ]
        }
      ]
    },
    {
      "module": "module.repo_dcs_client",
      "mode": "managed",
      "type": "github_branch_protection",
      "name": "repo_protect_master",
      "each": "list",
      "provider": "provider.github",
      "instances": [
        {
          "index_key": 0,
          "schema_version": 0,
          "attributes": {
            "branch": "master",
            "enforce_admins": false,
            "etag": "W/\"3a65d79319506f8828b15be24cbb1feb\"",
            "id": "dcs-client:master",
            "repository": "dcs-client",
            "require_signed_commits": false,
            "required_pull_request_reviews": [
              {
                "dismiss_stale_reviews": true,
                "dismissal_teams": null,
                "dismissal_users": null,
                "include_admins": false,
                "require_code_owner_reviews": false,
                "required_approving_review_count": 2
              }
            ],
            "required_status_checks": [
              {
                "contexts": null,
                "include_admins": false,
                "strict": false
              }
            ],
            "restrictions": []
          },
          "depends_on": [
            "github_repository.repo"
          ]
        }
      ]
    },
    {
      "module": "module.repo_verify_saml_libs",
      "mode": "managed",
      "type": "github_branch_protection",
      "name": "repo_protect_master",
      "each": "list",
      "provider": "provider.github",
      "instances": [
        {
          "index_key": 0,
          "schema_version": 0,
          "attributes": {
            "branch": "master",
            "enforce_admins": false,
            "etag": "W/\"5ccec3ba659b1c6a1746a72831171699\"",
            "id": "verify-saml-libs:master",
            "repository": "verify-saml-libs",
            "require_signed_commits": false,
            "required_pull_request_reviews": [
              {
                "dismiss_stale_reviews": true,
                "dismissal_teams": null,
                "dismissal_users": null,
                "include_admins": false,
                "require_code_owner_reviews": false,
                "required_approving_review_count": 2
              }
            ],
            "required_status_checks": [
              {
                "contexts": null,
                "include_admins": false,
                "strict": false
              }
            ],
            "restrictions": []
          },
          "depends_on": [
            "github_repository.repo"
          ]
        }
      ]
    },
    {
      "module": "module.repo_verify_tech_team",
      "mode": "managed",
      "type": "github_branch_protection",
      "name": "repo_protect_master",
      "each": "list",
      "provider": "provider.github",
      "instances": [
        {
          "index_key": 0,
          "schema_version": 0,
          "attributes": {
            "branch": "master",
            "enforce_admins": false,
            "etag": "W/\"56259f35468cb081514be15fe1828d8f\"",
            "id": "verify-tech-team:master",
            "repository": "verify-tech-team",
            "require_signed_commits": false,
            "required_pull_request_reviews": [
              {
                "dismiss_stale_reviews": true,
                "dismissal_teams": null,
                "dismissal_users": null,
                "include_admins": false,
                "require_code_owner_reviews": false,
                "required_approving_review_count": 2
              }
            ],
            "required_status_checks": [
              {
                "contexts": null,
                "include_admins": false,
                "strict": false
              }
            ],
            "restrictions": []
          },
          "depends_on": [
            "github_repository.repo"
          ]
        }
      ]
    },
    {
      "module": "module.repo_verify_proxy_node",
      "mode": "managed",
      "type": "github_branch_protection",
      "name": "repo_protect_master",
      "each": "list",
      "provider": "provider.github",
      "instances": [
        {
          "index_key": 0,
          "schema_version": 0,
          "attributes": {
            "branch": "master",
            "enforce_admins": false,
            "etag": "W/\"327b2741354ab8ca2048f9f2403cb665\"",
            "id": "verify-proxy-node:master",
            "repository": "verify-proxy-node",
            "require_signed_commits": false,
            "required_pull_request_reviews": [
              {
                "dismiss_stale_reviews": true,
                "dismissal_teams": null,
                "dismissal_users": null,
                "include_admins": false,
                "require_code_owner_reviews": false,
                "required_approving_review_count": 2
              }
            ],
            "required_status_checks": [
              {
                "contexts": null,
                "include_admins": false,
                "strict": false
              }
            ],
            "restrictions": []
          },
          "depends_on": [
            "github_repository.repo"
          ]
        }
      ]
    },
    {
      "module": "module.repo_verify_event_infrastructure",
      "mode": "managed",
      "type": "github_branch_protection",
      "name": "repo_protect_master",
      "each": "list",
      "provider": "provider.github",
      "instances": [
        {
          "index_key": 0,
          "schema_version": 0,
          "attributes": {
            "branch": "master",
            "enforce_admins": false,
            "etag": "W/\"8ea7b89221eeb89fcb2893f319a001c6\"",
            "id": "verify-event-infrastructure:master",
            "repository": "verify-event-infrastructure",
            "require_signed_commits": false,
            "required_pull_request_reviews": [
              {
                "dismiss_stale_reviews": true,
                "dismissal_teams": null,
                "dismissal_users": null,
                "include_admins": false,
                "require_code_owner_reviews": false,
                "required_approving_review_count": 2
              }
            ],
            "required_status_checks": [
              {
                "contexts": null,
                "include_admins": false,
                "strict": true
              }
            ],
            "restrictions": []
          },
          "depends_on": [
            "github_repository.repo"
          ]
        }
      ]
    },
    {
      "module": "module.repo_verify_eidas_trust_anchor",
      "mode": "managed",
      "type": "github_repository",
      "name": "repo",
      "provider": "provider.github",
      "instances": [
        {
          "schema_version": 0,
          "attributes": {
            "allow_merge_commit": true,
            "allow_rebase_merge": false,
            "allow_squash_merge": false,
            "archived": false,
            "auto_init": true,
            "default_branch": "master",
            "description": "Generates trust anchors as JSON Web Keys that allow MSAs and Hubs to validate European metadata.",
            "etag": "W/\"25d642c3ca0e7334ffd98a595a410f23\"",
            "full_name": "alphagov/verify-eidas-trust-anchor",
            "git_clone_url": "git://github.com/alphagov/verify-eidas-trust-anchor.git",
            "gitignore_template": null,
            "has_downloads": false,
            "has_issues": true,
            "has_projects": false,
            "has_wiki": true,
            "homepage_url": "",
            "html_url": "https://github.com/alphagov/verify-eidas-trust-anchor",
            "http_clone_url": "https://github.com/alphagov/verify-eidas-trust-anchor.git",
            "id": "verify-eidas-trust-anchor",
            "license_template": null,
            "name": "verify-eidas-trust-anchor",
            "private": false,
            "ssh_clone_url": "git@github.com:alphagov/verify-eidas-trust-anchor.git",
            "svn_url": "https://github.com/alphagov/verify-eidas-trust-anchor",
            "topics": [
              "verify"
            ]
          }
        }
      ]
    },
    {
      "module": "module.repo_verify_local_matching_service_example",
      "mode": "managed",
      "type": "github_repository",
      "name": "repo",
      "provider": "provider.github",
      "instances": [
        {
          "schema_version": 0,
          "attributes": {
            "allow_merge_commit": true,
            "allow_rebase_merge": false,
            "allow_squash_merge": false,
            "archived": false,
            "auto_init": true,
            "default_branch": "master",
            "description": "",
            "etag": "W/\"b8723ac66dcb81a9b91e85ab0fb7b899\"",
            "full_name": "alphagov/verify-local-matching-service-example",
            "git_clone_url": "git://github.com/alphagov/verify-local-matching-service-example.git",
            "gitignore_template": null,
            "has_downloads": false,
            "has_issues": true,
            "has_projects": false,
            "has_wiki": true,
            "homepage_url": "",
            "html_url": "https://github.com/alphagov/verify-local-matching-service-example",
            "http_clone_url": "https://github.com/alphagov/verify-local-matching-service-example.git",
            "id": "verify-local-matching-service-example",
            "license_template": null,
            "name": "verify-local-matching-service-example",
            "private": false,
            "ssh_clone_url": "git@github.com:alphagov/verify-local-matching-service-example.git",
            "svn_url": "https://github.com/alphagov/verify-local-matching-service-example",
            "topics": [
              "verify"
            ]
          }
        }
      ]
    },
    {
      "module": "module.repo_verify_release_notes_generator",
      "mode": "managed",
      "type": "github_repository",
      "name": "repo",
      "provider": "provider.github",
      "instances": [
        {
          "schema_version": 0,
          "attributes": {
            "allow_merge_commit": true,
            "allow_rebase_merge": false,
            "allow_squash_merge": false,
            "archived": false,
            "auto_init": false,
            "default_branch": "master",
            "description": "Verify Release Notes Generator",
            "etag": "W/\"24d2a7e05f04a28720743c956f06c393\"",
            "full_name": "alphagov/verify-release-notes-generator",
            "git_clone_url": "git://github.com/alphagov/verify-release-notes-generator.git",
            "gitignore_template": null,
            "has_downloads": false,
            "has_issues": true,
            "has_projects": false,
            "has_wiki": true,
            "homepage_url": "",
            "html_url": "https://github.com/alphagov/verify-release-notes-generator",
            "http_clone_url": "https://github.com/alphagov/verify-release-notes-generator.git",
            "id": "verify-release-notes-generator",
            "license_template": null,
            "name": "verify-release-notes-generator",
            "private": true,
            "ssh_clone_url": "git@github.com:alphagov/verify-release-notes-generator.git",
            "svn_url": "https://github.com/alphagov/verify-release-notes-generator",
            "topics": [
              "verify"
            ]
          }
        }
      ]
    },
    {
      "module": "module.repo_verify_performance",
      "mode": "managed",
      "type": "github_repository",
      "name": "repo",
      "provider": "provider.github",
      "instances": [
        {
          "schema_version": 0,
          "attributes": {
            "allow_merge_commit": true,
            "allow_rebase_merge": false,
            "allow_squash_merge": false,
            "archived": false,
            "auto_init": true,
            "default_branch": "master",
            "description": "Repo for the Verify performance and data team",
            "etag": "W/\"9340cee1cb4a1105855a396c1b3cf085\"",
            "full_name": "alphagov/verify-performance",
            "git_clone_url": "git://github.com/alphagov/verify-performance.git",
            "gitignore_template": null,
            "has_downloads": false,
            "has_issues": true,
            "has_projects": false,
            "has_wiki": true,
            "homepage_url": "",
            "html_url": "https://github.com/alphagov/verify-performance",
            "http_clone_url": "https://github.com/alphagov/verify-performance.git",
            "id": "verify-performance",
            "license_template": null,
            "name": "verify-performance",
            "private": true,
            "ssh_clone_url": "git@github.com:alphagov/verify-performance.git",
            "svn_url": "https://github.com/alphagov/verify-performance",
            "topics": [
              "verify"
            ]
          }
        }
      ]
    },
    {
      "module": "module.repo_verify_team_manual",
      "mode": "managed",
      "type": "github_repository",
      "name": "repo",
      "provider": "provider.github",
      "instances": [
        {
          "schema_version": 0,
          "attributes": {
            "allow_merge_commit": true,
            "allow_rebase_merge": false,
            "allow_squash_merge": false,
            "archived": false,
            "auto_init": true,
            "default_branch": "master",
            "description": "",
            "etag": "W/\"ae68470ad06fd85092cdf811ffb8ef2f\"",
            "full_name": "alphagov/verify-team-manual",
            "git_clone_url": "git://github.com/alphagov/verify-team-manual.git",
            "gitignore_template": null,
            "has_downloads": false,
            "has_issues": true,
            "has_projects": false,
            "has_wiki": true,
            "homepage_url": "",
            "html_url": "https://github.com/alphagov/verify-team-manual",
            "http_clone_url": "https://github.com/alphagov/verify-team-manual.git",
            "id": "verify-team-manual",
            "license_template": null,
            "name": "verify-team-manual",
            "private": true,
            "ssh_clone_url": "git@github.com:alphagov/verify-team-manual.git",
            "svn_url": "https://github.com/alphagov/verify-team-manual",
            "topics": [
              "verify"
            ]
          }
        }
      ]
    },
    {
      "module": "module.repo_verify_hub",
      "mode": "managed",
      "type": "github_repository",
      "name": "repo",
      "provider": "provider.github",
      "instances": [
        {
          "schema_version": 0,
          "attributes": {
            "allow_merge_commit": true,
            "allow_rebase_merge": false,
            "allow_squash_merge": false,
            "archived": false,
            "auto_init": true,
            "default_branch": "master",
            "description": "Verify Hub Microservices",
            "etag": "W/\"1c32885d9ed9cde0a91fb9c8557fcdcd\"",
            "full_name": "alphagov/verify-hub",
            "git_clone_url": "git://github.com/alphagov/verify-hub.git",
            "gitignore_template": null,
            "has_downloads": false,
            "has_issues": true,
            "has_projects": false,
            "has_wiki": true,
            "homepage_url": "",
            "html_url": "https://github.com/alphagov/verify-hub",
            "http_clone_url": "https://github.com/alphagov/verify-hub.git",
            "id": "verify-hub",
            "license_template": null,
            "name": "verify-hub",
            "private": false,
            "ssh_clone_url": "git@github.com:alphagov/verify-hub.git",
            "svn_url": "https://github.com/alphagov/verify-hub",
            "topics": [
              "verify"
            ]
          }
        }
      ]
    },
    {
      "module": "module.repo_verify_self_service",
      "mode": "managed",
      "type": "github_repository",
      "name": "repo",
      "provider": "provider.github",
      "instances": [
        {
          "schema_version": 0,
          "attributes": {
            "allow_merge_commit": true,
            "allow_rebase_merge": false,
            "allow_squash_merge": false,
            "archived": false,
            "auto_init": null,
            "default_branch": "master",
            "description": "Verify self-service platform",
            "etag": "W/\"98087328bc7e9a1b41b609c3f505f528\"",
            "full_name": "alphagov/verify-self-service",
            "git_clone_url": "git://github.com/alphagov/verify-self-service.git",
            "gitignore_template": null,
            "has_downloads": false,
            "has_issues": true,
            "has_projects": false,
            "has_wiki": true,
            "homepage_url": "",
            "html_url": "https://github.com/alphagov/verify-self-service",
            "http_clone_url": "https://github.com/alphagov/verify-self-service.git",
            "id": "verify-self-service",
            "license_template": null,
            "name": "verify-self-service",
            "private": false,
            "ssh_clone_url": "git@github.com:alphagov/verify-self-service.git",
            "svn_url": "https://github.com/alphagov/verify-self-service",
            "topics": [
              "verify"
            ]
          }
        }
      ]
    },
    {
      "module": "module.repo_verify_rp_environment_config_form",
      "mode": "managed",
      "type": "github_repository",
      "name": "repo",
      "provider": "provider.github",
      "instances": [
        {
          "schema_version": 0,
          "attributes": {
            "allow_merge_commit": true,
            "allow_rebase_merge": false,
            "allow_squash_merge": false,
            "archived": false,
            "auto_init": true,
            "default_branch": "master",
            "description": " :page_with_curl: The form for relying parties to provide Verify with environment configuration",
            "etag": "W/\"98ff08c3e86cf7140dd4934c8159d817\"",
            "full_name": "alphagov/verify-rp-environment-config-form",
            "git_clone_url": "git://github.com/alphagov/verify-rp-environment-config-form.git",
            "gitignore_template": null,
            "has_downloads": false,
            "has_issues": true,
            "has_projects": false,
            "has_wiki": true,
            "homepage_url": "",
            "html_url": "https://github.com/alphagov/verify-rp-environment-config-form",
            "http_clone_url": "https://github.com/alphagov/verify-rp-environment-config-form.git",
            "id": "verify-rp-environment-config-form",
            "license_template": null,
            "name": "verify-rp-environment-config-form",
            "private": false,
            "ssh_clone_url": "git@github.com:alphagov/verify-rp-environment-config-form.git",
            "svn_url": "https://github.com/alphagov/verify-rp-environment-config-form",
            "topics": [
              "verify"
            ]
          }
        }
      ]
    },
    {
      "module": "module.repo_verify_data_pipeline",
      "mode": "managed",
      "type": "github_repository",
      "name": "repo",
      "provider": "provider.github",
      "instances": [
        {
          "schema_version": 0,
          "attributes": {
            "allow_merge_commit": true,
            "allow_rebase_merge": false,
            "allow_squash_merge": false,
            "archived": false,
            "auto_init": true,
            "default_branch": "master",
            "description": "Manages Analytics code that generates statistics that inform journey improvements",
            "etag": "W/\"cbf845e97c65e3e2709813367f372ad0\"",
            "full_name": "alphagov/verify-data-pipeline",
            "git_clone_url": "git://github.com/alphagov/verify-data-pipeline.git",
            "gitignore_template": null,
            "has_downloads": false,
            "has_issues": true,
            "has_projects": false,
            "has_wiki": true,
            "homepage_url": "",
            "html_url": "https://github.com/alphagov/verify-data-pipeline",
            "http_clone_url": "https://github.com/alphagov/verify-data-pipeline.git",
            "id": "verify-data-pipeline",
            "license_template": null,
            "name": "verify-data-pipeline",
            "private": true,
            "ssh_clone_url": "git@github.com:alphagov/verify-data-pipeline.git",
            "svn_url": "https://github.com/alphagov/verify-data-pipeline",
            "topics": [
              "verify"
            ]
          }
        }
      ]
    },
    {
      "module": "module.repo_verify_puppet",
      "mode": "managed",
      "type": "github_repository",
      "name": "repo",
      "provider": "provider.github",
      "instances": [
        {
          "schema_version": 0,
          "attributes": {
            "allow_merge_commit": true,
            "allow_rebase_merge": false,
            "allow_squash_merge": false,
            "archived": false,
            "auto_init": true,
            "default_branch": "master",
            "description": "Puppet code for GOV.UK Verify",
            "etag": "W/\"0ad7c28f20ea2af479caf11c96da4016\"",
            "full_name": "alphagov/verify-puppet",
            "git_clone_url": "git://github.com/alphagov/verify-puppet.git",
            "gitignore_template": null,
            "has_downloads": false,
            "has_issues": true,
            "has_projects": false,
            "has_wiki": true,
            "homepage_url": "",
            "html_url": "https://github.com/alphagov/verify-puppet",
            "http_clone_url": "https://github.com/alphagov/verify-puppet.git",
            "id": "verify-puppet",
            "license_template": null,
            "name": "verify-puppet",
            "private": true,
            "ssh_clone_url": "git@github.com:alphagov/verify-puppet.git",
            "svn_url": "https://github.com/alphagov/verify-puppet",
            "topics": [
              "verify"
            ]
          }
        }
      ]
    },
    {
      "module": "module.repo_verify_event_system_alarm_notifier",
      "mode": "managed",
      "type": "github_repository",
      "name": "repo",
      "provider": "provider.github",
      "instances": [
        {
          "schema_version": 0,
          "attributes": {
            "allow_merge_commit": true,
            "allow_rebase_merge": false,
            "allow_squash_merge": false,
            "archived": false,
            "auto_init": true,
            "default_branch": "master",
            "description": "Lambda functions for monitoring alarm notifications",
            "etag": "W/\"f7fce6f6a32844d834aa1eba9703d6eb\"",
            "full_name": "alphagov/verify-event-system-alarm-notifier",
            "git_clone_url": "git://github.com/alphagov/verify-event-system-alarm-notifier.git",
            "gitignore_template": null,
            "has_downloads": false,
            "has_issues": true,
            "has_projects": false,
            "has_wiki": true,
            "homepage_url": "",
            "html_url": "https://github.com/alphagov/verify-event-system-alarm-notifier",
            "http_clone_url": "https://github.com/alphagov/verify-event-system-alarm-notifier.git",
            "id": "verify-event-system-alarm-notifier",
            "license_template": null,
            "name": "verify-event-system-alarm-notifier",
            "private": false,
            "ssh_clone_url": "git@github.com:alphagov/verify-event-system-alarm-notifier.git",
            "svn_url": "https://github.com/alphagov/verify-event-system-alarm-notifier",
            "topics": []
          }
        }
      ]
    },
    {
      "module": "module.repo_verify_matomo_utils",
      "mode": "managed",
      "type": "github_repository",
      "name": "repo",
      "provider": "provider.github",
      "instances": [
        {
          "schema_version": 0,
          "attributes": {
            "allow_merge_commit": true,
            "allow_rebase_merge": false,
            "allow_squash_merge": false,
            "archived": false,
            "auto_init": true,
            "default_branch": "master",
            "description": "Collection of tools used for interacting with Matomo (formerly called Piwik)",
            "etag": "W/\"ca974e7bc124eb80542369e0ed6c4993\"",
            "full_name": "alphagov/verify-matomo-utils",
            "git_clone_url": "git://github.com/alphagov/verify-matomo-utils.git",
            "gitignore_template": null,
            "has_downloads": false,
            "has_issues": true,
            "has_projects": false,
            "has_wiki": true,
            "homepage_url": "",
            "html_url": "https://github.com/alphagov/verify-matomo-utils",
            "http_clone_url": "https://github.com/alphagov/verify-matomo-utils.git",
            "id": "verify-matomo-utils",
            "license_template": null,
            "name": "verify-matomo-utils",
            "private": false,
            "ssh_clone_url": "git@github.com:alphagov/verify-matomo-utils.git",
            "svn_url": "https://github.com/alphagov/verify-matomo-utils",
            "topics": []
          }
        }
      ]
    },
    {
      "module": "module.repo_verify_token_service",
      "mode": "managed",
      "type": "github_repository",
      "name": "repo",
      "provider": "provider.github",
      "instances": [
        {
          "schema_version": 0,
          "attributes": {
            "allow_merge_commit": true,
            "allow_rebase_merge": false,
            "allow_squash_merge": false,
            "archived": true,
            "auto_init": true,
            "default_branch": "master",
            "description": "Verify Token Service",
            "etag": "W/\"1dc9810820bfecc0d222aae80ec8513d\"",
            "full_name": "alphagov/verify-token-service",
            "git_clone_url": "git://github.com/alphagov/verify-token-service.git",
            "gitignore_template": null,
            "has_downloads": false,
            "has_issues": true,
            "has_projects": false,
            "has_wiki": true,
            "homepage_url": "",
            "html_url": "https://github.com/alphagov/verify-token-service",
            "http_clone_url": "https://github.com/alphagov/verify-token-service.git",
            "id": "verify-token-service",
            "license_template": null,
            "name": "verify-token-service",
            "private": true,
            "ssh_clone_url": "git@github.com:alphagov/verify-token-service.git",
            "svn_url": "https://github.com/alphagov/verify-token-service",
            "topics": [
              "verify"
            ]
          }
        }
      ]
    },
    {
      "module": "module.repo_ida_hub_support",
      "mode": "managed",
      "type": "github_repository",
      "name": "repo",
      "provider": "provider.github",
      "instances": [
        {
          "schema_version": 0,
          "attributes": {
            "allow_merge_commit": true,
            "allow_rebase_merge": false,
            "allow_squash_merge": false,
            "archived": true,
            "auto_init": true,
            "default_branch": "master",
            "description": "Verify Hub Support services (temporary)",
            "etag": "W/\"46496ef1bedf265398737fb47cdeee29\"",
            "full_name": "alphagov/ida-hub-support",
            "git_clone_url": "git://github.com/alphagov/ida-hub-support.git",
            "gitignore_template": null,
            "has_downloads": false,
            "has_issues": true,
            "has_projects": false,
            "has_wiki": true,
            "homepage_url": "",
            "html_url": "https://github.com/alphagov/ida-hub-support",
            "http_clone_url": "https://github.com/alphagov/ida-hub-support.git",
            "id": "ida-hub-support",
            "license_template": null,
            "name": "ida-hub-support",
            "private": true,
            "ssh_clone_url": "git@github.com:alphagov/ida-hub-support.git",
            "svn_url": "https://github.com/alphagov/ida-hub-support",
            "topics": [
              "verify"
            ]
          }
        }
      ]
    },
    {
      "module": "module.repo_verify_frontend",
      "mode": "managed",
      "type": "github_repository",
      "name": "repo",
      "provider": "provider.github",
      "instances": [
        {
          "schema_version": 0,
          "attributes": {
            "allow_merge_commit": true,
            "allow_rebase_merge": false,
            "allow_squash_merge": false,
            "archived": false,
            "auto_init": true,
            "default_branch": "master",
            "description": "The frontend service for GOV.UK Verify",
            "etag": "W/\"dab672cae19247e95a49b61cf90dddd6\"",
            "full_name": "alphagov/verify-frontend",
            "git_clone_url": "git://github.com/alphagov/verify-frontend.git",
            "gitignore_template": null,
            "has_downloads": false,
            "has_issues": true,
            "has_projects": false,
            "has_wiki": true,
            "homepage_url": "",
            "html_url": "https://github.com/alphagov/verify-frontend",
            "http_clone_url": "https://github.com/alphagov/verify-frontend.git",
            "id": "verify-frontend",
            "license_template": null,
            "name": "verify-frontend",
            "private": false,
            "ssh_clone_url": "git@github.com:alphagov/verify-frontend.git",
            "svn_url": "https://github.com/alphagov/verify-frontend",
            "topics": [
              "frontend",
              "verify"
            ]
          }
        }
      ]
    },
    {
      "module": "module.repo_verify_product_page",
      "mode": "managed",
      "type": "github_repository",
      "name": "repo",
      "provider": "provider.github",
      "instances": [
        {
          "schema_version": 0,
          "attributes": {
            "allow_merge_commit": true,
            "allow_rebase_merge": false,
            "allow_squash_merge": false,
            "archived": false,
            "auto_init": false,
            "default_branch": "master",
            "description": "Product landing page for GOV.UK Verify",
            "etag": "W/\"4de75444f49cfb4886b9c67d5e6590ad\"",
            "full_name": "alphagov/verify-product-page",
            "git_clone_url": "git://github.com/alphagov/verify-product-page.git",
            "gitignore_template": null,
            "has_downloads": false,
            "has_issues": true,
            "has_projects": false,
            "has_wiki": true,
            "homepage_url": "",
            "html_url": "https://github.com/alphagov/verify-product-page",
            "http_clone_url": "https://github.com/alphagov/verify-product-page.git",
            "id": "verify-product-page",
            "license_template": null,
            "name": "verify-product-page",
            "private": false,
            "ssh_clone_url": "git@github.com:alphagov/verify-product-page.git",
            "svn_url": "https://github.com/alphagov/verify-product-page",
            "topics": [
              "verify"
            ]
          }
        }
      ]
    },
    {
      "module": "module.repo_verify_packages",
      "mode": "managed",
      "type": "github_repository",
      "name": "repo",
      "provider": "provider.github",
      "instances": [
        {
          "schema_version": 0,
          "attributes": {
            "allow_merge_commit": true,
            "allow_rebase_merge": false,
            "allow_squash_merge": false,
            "archived": false,
            "auto_init": true,
            "default_branch": "master",
            "description": "Builds custom ubuntu packages used for Verify systems",
            "etag": "W/\"979878d7423186f1905c3fd15262ce75\"",
            "full_name": "alphagov/verify-packages",
            "git_clone_url": "git://github.com/alphagov/verify-packages.git",
            "gitignore_template": null,
            "has_downloads": false,
            "has_issues": true,
            "has_projects": false,
            "has_wiki": true,
            "homepage_url": "",
            "html_url": "https://github.com/alphagov/verify-packages",
            "http_clone_url": "https://github.com/alphagov/verify-packages.git",
            "id": "verify-packages",
            "license_template": null,
            "name": "verify-packages",
            "private": true,
            "ssh_clone_url": "git@github.com:alphagov/verify-packages.git",
            "svn_url": "https://github.com/alphagov/verify-packages",
            "topics": [
              "verify"
            ]
          }
        }
      ]
    },
    {
      "module": "module.repo_verify_german_eidas_middleware",
      "mode": "managed",
      "type": "github_repository",
      "name": "repo",
      "provider": "provider.github",
      "instances": [
        {
          "schema_version": 0,
          "attributes": {
            "allow_merge_commit": true,
            "allow_rebase_merge": false,
            "allow_squash_merge": false,
            "archived": false,
            "auto_init": true,
            "default_branch": "master",
            "description": "",
            "etag": "W/\"1473f4341cac364e8e11de8a58d31c23\"",
            "full_name": "alphagov/verify-german-eidas-middleware",
            "git_clone_url": "git://github.com/alphagov/verify-german-eidas-middleware.git",
            "gitignore_template": null,
            "has_downloads": false,
            "has_issues": true,
            "has_projects": false,
            "has_wiki": true,
            "homepage_url": "",
            "html_url": "https://github.com/alphagov/verify-german-eidas-middleware",
            "http_clone_url": "https://github.com/alphagov/verify-german-eidas-middleware.git",
            "id": "verify-german-eidas-middleware",
            "license_template": null,
            "name": "verify-german-eidas-middleware",
            "private": false,
            "ssh_clone_url": "git@github.com:alphagov/verify-german-eidas-middleware.git",
            "svn_url": "https://github.com/alphagov/verify-german-eidas-middleware",
            "topics": [
              "verify"
            ]
          }
        }
      ]
    },
    {
      "module": "module.repo_verify_performance_scripts",
      "mode": "managed",
      "type": "github_repository",
      "name": "repo",
      "provider": "provider.github",
      "instances": [
        {
          "schema_version": 0,
          "attributes": {
            "allow_merge_commit": true,
            "allow_rebase_merge": false,
            "allow_squash_merge": false,
            "archived": false,
            "auto_init": true,
            "default_branch": "master",
            "description": "Scripts related to verify performance",
            "etag": "W/\"d167d26613c4294873685b7478096458\"",
            "full_name": "alphagov/verify-performance-scripts",
            "git_clone_url": "git://github.com/alphagov/verify-performance-scripts.git",
            "gitignore_template": null,
            "has_downloads": false,
            "has_issues": true,
            "has_projects": false,
            "has_wiki": true,
            "homepage_url": "",
            "html_url": "https://github.com/alphagov/verify-performance-scripts",
            "http_clone_url": "https://github.com/alphagov/verify-performance-scripts.git",
            "id": "verify-performance-scripts",
            "license_template": null,
            "name": "verify-performance-scripts",
            "private": false,
            "ssh_clone_url": "git@github.com:alphagov/verify-performance-scripts.git",
            "svn_url": "https://github.com/alphagov/verify-performance-scripts",
            "topics": []
          }
        }
      ]
    },
    {
      "module": "module.repo_verify_boxes",
      "mode": "managed",
      "type": "github_repository",
      "name": "repo",
      "provider": "provider.github",
      "instances": [
        {
          "schema_version": 0,
          "attributes": {
            "allow_merge_commit": true,
            "allow_rebase_merge": false,
            "allow_squash_merge": false,
            "archived": false,
            "auto_init": true,
            "default_branch": "master",
            "description": "Verify specific configuration for vcloud-launch ",
            "etag": "W/\"34e910eea3f4c0b9f706f8a37f3cad21\"",
            "full_name": "alphagov/verify-boxes",
            "git_clone_url": "git://github.com/alphagov/verify-boxes.git",
            "gitignore_template": null,
            "has_downloads": false,
            "has_issues": true,
            "has_projects": false,
            "has_wiki": true,
            "homepage_url": "",
            "html_url": "https://github.com/alphagov/verify-boxes",
            "http_clone_url": "https://github.com/alphagov/verify-boxes.git",
            "id": "verify-boxes",
            "license_template": null,
            "name": "verify-boxes",
            "private": true,
            "ssh_clone_url": "git@github.com:alphagov/verify-boxes.git",
            "svn_url": "https://github.com/alphagov/verify-boxes",
            "topics": [
              "verify"
            ]
          }
        }
      ]
    },
    {
      "module": "module.repo_verify_release_automation",
      "mode": "managed",
      "type": "github_repository",
      "name": "repo",
      "provider": "provider.github",
      "instances": [
        {
          "schema_version": 0,
          "attributes": {
            "allow_merge_commit": true,
            "allow_rebase_merge": false,
            "allow_squash_merge": false,
            "archived": false,
            "auto_init": true,
            "default_branch": "master",
            "description": "🚂 The Verify Release Train",
            "etag": "W/\"6eb67d69a7ef1186a99e7446a0f96ad2\"",
            "full_name": "alphagov/verify-release-automation",
            "git_clone_url": "git://github.com/alphagov/verify-release-automation.git",
            "gitignore_template": null,
            "has_downloads": false,
            "has_issues": true,
            "has_projects": false,
            "has_wiki": true,
            "homepage_url": "",
            "html_url": "https://github.com/alphagov/verify-release-automation",
            "http_clone_url": "https://github.com/alphagov/verify-release-automation.git",
            "id": "verify-release-automation",
            "license_template": null,
            "name": "verify-release-automation",
            "private": true,
            "ssh_clone_url": "git@github.com:alphagov/verify-release-automation.git",
            "svn_url": "https://github.com/alphagov/verify-release-automation",
            "topics": [
              "verify"
            ]
          }
        }
      ]
    },
    {
      "module": "module.repo_verify_ansible",
      "mode": "managed",
      "type": "github_repository",
      "name": "repo",
      "provider": "provider.github",
      "instances": [
        {
          "schema_version": 0,
          "attributes": {
            "allow_merge_commit": true,
            "allow_rebase_merge": false,
            "allow_squash_merge": false,
            "archived": false,
            "auto_init": true,
            "default_branch": "master",
            "description": " Ansible for Verify ops ",
            "etag": "W/\"6e13fccdbe205c962c1dbc56b5f89cce\"",
            "full_name": "alphagov/verify-ansible",
            "git_clone_url": "git://github.com/alphagov/verify-ansible.git",
            "gitignore_template": null,
            "has_downloads": false,
            "has_issues": true,
            "has_projects": false,
            "has_wiki": true,
            "homepage_url": "",
            "html_url": "https://github.com/alphagov/verify-ansible",
            "http_clone_url": "https://github.com/alphagov/verify-ansible.git",
            "id": "verify-ansible",
            "license_template": null,
            "name": "verify-ansible",
            "private": true,
            "ssh_clone_url": "git@github.com:alphagov/verify-ansible.git",
            "svn_url": "https://github.com/alphagov/verify-ansible",
            "topics": [
              "verify"
            ]
          }
        }
      ]
    },
    {
      "module": "module.repo_verify_local_startup",
      "mode": "managed",
      "type": "github_repository",
      "name": "repo",
      "provider": "provider.github",
      "instances": [
        {
          "schema_version": 0,
          "attributes": {
            "allow_merge_commit": true,
            "allow_rebase_merge": false,
            "allow_squash_merge": false,
            "archived": false,
            "auto_init": null,
            "default_branch": "master",
            "description": "Utilities to run the Verify Hub and stubs locally",
            "etag": "W/\"66b68563f3c3fdb5aea0420b2620c9f9\"",
            "full_name": "alphagov/verify-local-startup",
            "git_clone_url": "git://github.com/alphagov/verify-local-startup.git",
            "gitignore_template": null,
            "has_downloads": false,
            "has_issues": true,
            "has_projects": false,
            "has_wiki": true,
            "homepage_url": "",
            "html_url": "https://github.com/alphagov/verify-local-startup",
            "http_clone_url": "https://github.com/alphagov/verify-local-startup.git",
            "id": "verify-local-startup",
            "license_template": null,
            "name": "verify-local-startup",
            "private": false,
            "ssh_clone_url": "git@github.com:alphagov/verify-local-startup.git",
            "svn_url": "https://github.com/alphagov/verify-local-startup",
            "topics": [
              "verify"
            ]
          }
        }
      ]
    },
    {
      "module": "module.repo_dcs_client_acceptance_tests",
      "mode": "managed",
      "type": "github_repository",
      "name": "repo",
      "provider": "provider.github",
      "instances": [
        {
          "schema_version": 0,
          "attributes": {
            "allow_merge_commit": true,
            "allow_rebase_merge": false,
            "allow_squash_merge": false,
            "archived": false,
            "auto_init": true,
            "default_branch": "master",
            "description": "Acceptance tests for the DCS client - https://github.com/alphagov/dcs-client",
            "etag": "W/\"eee87cfa41603b1519512d7cb5f04b6c\"",
            "full_name": "alphagov/dcs-client-acceptance-tests",
            "git_clone_url": "git://github.com/alphagov/dcs-client-acceptance-tests.git",
            "gitignore_template": null,
            "has_downloads": false,
            "has_issues": true,
            "has_projects": false,
            "has_wiki": true,
            "homepage_url": "",
            "html_url": "https://github.com/alphagov/dcs-client-acceptance-tests",
            "http_clone_url": "https://github.com/alphagov/dcs-client-acceptance-tests.git",
            "id": "dcs-client-acceptance-tests",
            "license_template": null,
            "name": "dcs-client-acceptance-tests",
            "private": true,
            "ssh_clone_url": "git@github.com:alphagov/dcs-client-acceptance-tests.git",
            "svn_url": "https://github.com/alphagov/dcs-client-acceptance-tests",
            "topics": [
              "verify"
            ]
          }
        }
      ]
    },
    {
      "module": "module.repo_verify_test_rp",
      "mode": "managed",
      "type": "github_repository",
      "name": "repo",
      "provider": "provider.github",
      "instances": [
        {
          "schema_version": 0,
          "attributes": {
            "allow_merge_commit": true,
            "allow_rebase_merge": false,
            "allow_squash_merge": false,
            "archived": false,
            "auto_init": true,
            "default_branch": "master",
            "description": "Verify Test Relying Party",
            "etag": "W/\"43ef784a05cde4175cab4005cf538847\"",
            "full_name": "alphagov/verify-test-rp",
            "git_clone_url": "git://github.com/alphagov/verify-test-rp.git",
            "gitignore_template": null,
            "has_downloads": false,
            "has_issues": true,
            "has_projects": false,
            "has_wiki": true,
            "homepage_url": "",
            "html_url": "https://github.com/alphagov/verify-test-rp",
            "http_clone_url": "https://github.com/alphagov/verify-test-rp.git",
            "id": "verify-test-rp",
            "license_template": null,
            "name": "verify-test-rp",
            "private": false,
            "ssh_clone_url": "git@github.com:alphagov/verify-test-rp.git",
            "svn_url": "https://github.com/alphagov/verify-test-rp",
            "topics": [
              "relying-party",
              "test",
              "verify"
            ]
          }
        }
      ]
    },
    {
      "module": "module.repo_dropwizard_logstash",
      "mode": "managed",
      "type": "github_repository",
      "name": "repo",
      "provider": "provider.github",
      "instances": [
        {
          "schema_version": 0,
          "attributes": {
            "allow_merge_commit": true,
            "allow_rebase_merge": false,
            "allow_squash_merge": false,
            "archived": false,
            "auto_init": false,
            "default_branch": "master",
            "description": "Dropwizard extension that supports logstash format with various appenders",
            "etag": "W/\"32b2b06d0ebc85387d63987bebf5c79a\"",
            "full_name": "alphagov/dropwizard-logstash",
            "git_clone_url": "git://github.com/alphagov/dropwizard-logstash.git",
            "gitignore_template": null,
            "has_downloads": false,
            "has_issues": true,
            "has_projects": false,
            "has_wiki": true,
            "homepage_url": "",
            "html_url": "https://github.com/alphagov/dropwizard-logstash",
            "http_clone_url": "https://github.com/alphagov/dropwizard-logstash.git",
            "id": "dropwizard-logstash",
            "license_template": null,
            "name": "dropwizard-logstash",
            "private": false,
            "ssh_clone_url": "git@github.com:alphagov/dropwizard-logstash.git",
            "svn_url": "https://github.com/alphagov/dropwizard-logstash",
            "topics": [
              "verify"
            ]
          }
        }
      ]
    },
    {
      "module": "module.repo_verify_infrastructure",
      "mode": "managed",
      "type": "github_repository",
      "name": "repo",
      "provider": "provider.github",
      "instances": [
        {
          "schema_version": 0,
          "attributes": {
            "allow_merge_commit": true,
            "allow_rebase_merge": false,
            "allow_squash_merge": false,
            "archived": false,
            "auto_init": null,
            "default_branch": "master",
            "description": "Infrastructure code for Verify Hub ECS",
            "etag": "W/\"b3ef7bcad84869efff64ae8898307acc\"",
            "full_name": "alphagov/verify-infrastructure",
            "git_clone_url": "git://github.com/alphagov/verify-infrastructure.git",
            "gitignore_template": null,
            "has_downloads": false,
            "has_issues": true,
            "has_projects": false,
            "has_wiki": true,
            "homepage_url": "",
            "html_url": "https://github.com/alphagov/verify-infrastructure",
            "http_clone_url": "https://github.com/alphagov/verify-infrastructure.git",
            "id": "verify-infrastructure",
            "license_template": null,
            "name": "verify-infrastructure",
            "private": false,
            "ssh_clone_url": "git@github.com:alphagov/verify-infrastructure.git",
            "svn_url": "https://github.com/alphagov/verify-infrastructure",
            "topics": []
          }
        }
      ]
    },
    {
      "module": "module.repo_verify_event_emitter",
      "mode": "managed",
      "type": "github_repository",
      "name": "repo",
      "provider": "provider.github",
      "instances": [
        {
          "schema_version": 0,
          "attributes": {
            "allow_merge_commit": true,
            "allow_rebase_merge": false,
            "allow_squash_merge": false,
            "archived": false,
            "auto_init": true,
            "default_branch": "master",
            "description": "Send events",
            "etag": "W/\"cc26f7e4f099dbd572fdb5a044397ead\"",
            "full_name": "alphagov/verify-event-emitter",
            "git_clone_url": "git://github.com/alphagov/verify-event-emitter.git",
            "gitignore_template": null,
            "has_downloads": false,
            "has_issues": true,
            "has_projects": false,
            "has_wiki": true,
            "homepage_url": "",
            "html_url": "https://github.com/alphagov/verify-event-emitter",
            "http_clone_url": "https://github.com/alphagov/verify-event-emitter.git",
            "id": "verify-event-emitter",
            "license_template": null,
            "name": "verify-event-emitter",
            "private": false,
            "ssh_clone_url": "git@github.com:alphagov/verify-event-emitter.git",
            "svn_url": "https://github.com/alphagov/verify-event-emitter",
            "topics": [
              "verify"
            ]
          }
        }
      ]
    },
    {
      "module": "module.repo_ida_compliance_tool",
      "mode": "managed",
      "type": "github_repository",
      "name": "repo",
      "provider": "provider.github",
      "instances": [
        {
          "schema_version": 0,
          "attributes": {
            "allow_merge_commit": true,
            "allow_rebase_merge": false,
            "allow_squash_merge": false,
            "archived": false,
            "auto_init": true,
            "default_branch": "master",
            "description": "Verify Compliance Tool (temporary)",
            "etag": "W/\"fc0be842daf68b999bfb941f2ca563e1\"",
            "full_name": "alphagov/ida-compliance-tool",
            "git_clone_url": "git://github.com/alphagov/ida-compliance-tool.git",
            "gitignore_template": null,
            "has_downloads": false,
            "has_issues": true,
            "has_projects": false,
            "has_wiki": true,
            "homepage_url": "",
            "html_url": "https://github.com/alphagov/ida-compliance-tool",
            "http_clone_url": "https://github.com/alphagov/ida-compliance-tool.git",
            "id": "ida-compliance-tool",
            "license_template": null,
            "name": "ida-compliance-tool",
            "private": true,
            "ssh_clone_url": "git@github.com:alphagov/ida-compliance-tool.git",
            "svn_url": "https://github.com/alphagov/ida-compliance-tool",
            "topics": [
              "verify"
            ]
          }
        }
      ]
    },
    {
      "module": "module.repo_verify_idp_pid_hasherator",
      "mode": "managed",
      "type": "github_repository",
      "name": "repo",
      "provider": "provider.github",
      "instances": [
        {
          "schema_version": 0,
          "attributes": {
            "allow_merge_commit": true,
            "allow_rebase_merge": false,
            "allow_squash_merge": false,
            "archived": false,
            "auto_init": null,
            "default_branch": "master",
            "description": "Hash event PIDs from IDP reports for reconciliation",
            "etag": "W/\"e0a001b53c6e7eab22ad60a1ad6a4bfc\"",
            "full_name": "alphagov/verify-idp-pid-hasherator",
            "git_clone_url": "git://github.com/alphagov/verify-idp-pid-hasherator.git",
            "gitignore_template": null,
            "has_downloads": false,
            "has_issues": true,
            "has_projects": false,
            "has_wiki": true,
            "homepage_url": "",
            "html_url": "https://github.com/alphagov/verify-idp-pid-hasherator",
            "http_clone_url": "https://github.com/alphagov/verify-idp-pid-hasherator.git",
            "id": "verify-idp-pid-hasherator",
            "license_template": null,
            "name": "verify-idp-pid-hasherator",
            "private": false,
            "ssh_clone_url": "git@github.com:alphagov/verify-idp-pid-hasherator.git",
            "svn_url": "https://github.com/alphagov/verify-idp-pid-hasherator",
            "topics": []
          }
        }
      ]
    },
    {
      "module": "module.repo_ida_performance_tests",
      "mode": "managed",
      "type": "github_repository",
      "name": "repo",
      "provider": "provider.github",
      "instances": [
        {
          "schema_version": 0,
          "attributes": {
            "allow_merge_commit": true,
            "allow_rebase_merge": false,
            "allow_squash_merge": false,
            "archived": false,
            "auto_init": false,
            "default_branch": "master",
            "description": "Verify Performance Testing (temporary)",
            "etag": "W/\"06ad7818abb19af0e242af9ccf4f8c58\"",
            "full_name": "alphagov/ida-performance-tests",
            "git_clone_url": "git://github.com/alphagov/ida-performance-tests.git",
            "gitignore_template": null,
            "has_downloads": false,
            "has_issues": true,
            "has_projects": false,
            "has_wiki": true,
            "homepage_url": "",
            "html_url": "https://github.com/alphagov/ida-performance-tests",
            "http_clone_url": "https://github.com/alphagov/ida-performance-tests.git",
            "id": "ida-performance-tests",
            "license_template": null,
            "name": "ida-performance-tests",
            "private": true,
            "ssh_clone_url": "git@github.com:alphagov/ida-performance-tests.git",
            "svn_url": "https://github.com/alphagov/ida-performance-tests",
            "topics": [
              "verify"
            ]
          }
        }
      ]
    },
    {
      "module": "module.repo_verify_gradle",
      "mode": "managed",
      "type": "github_repository",
      "name": "repo",
      "provider": "provider.github",
      "instances": [
        {
          "schema_version": 0,
          "attributes": {
            "allow_merge_commit": true,
            "allow_rebase_merge": false,
            "allow_squash_merge": false,
            "archived": false,
            "auto_init": false,
            "default_branch": "master",
            "description": "Contains gradle plugins authored by the GOV.UK Verify team",
            "etag": "W/\"37f5d22d4db8afe48433daf1ebfdda0f\"",
            "full_name": "alphagov/verify-gradle",
            "git_clone_url": "git://github.com/alphagov/verify-gradle.git",
            "gitignore_template": null,
            "has_downloads": false,
            "has_issues": true,
            "has_projects": false,
            "has_wiki": true,
            "homepage_url": "",
            "html_url": "https://github.com/alphagov/verify-gradle",
            "http_clone_url": "https://github.com/alphagov/verify-gradle.git",
            "id": "verify-gradle",
            "license_template": null,
            "name": "verify-gradle",
            "private": false,
            "ssh_clone_url": "git@github.com:alphagov/verify-gradle.git",
            "svn_url": "https://github.com/alphagov/verify-gradle",
            "topics": null
          }
        }
      ]
    },
    {
      "module": "module.repo_verify_il3_laptop_bootstrap",
      "mode": "managed",
      "type": "github_repository",
      "name": "repo",
      "provider": "provider.github",
      "instances": [
        {
          "schema_version": 0,
          "attributes": {
            "allow_merge_commit": true,
            "allow_rebase_merge": false,
            "allow_squash_merge": false,
            "archived": false,
            "auto_init": true,
            "default_branch": "master",
            "description": "A simple set of shell scripts to set up a secure build laptop for Verify",
            "etag": "W/\"f40f72de44eeb022d0f52e38b3d8e1bd\"",
            "full_name": "alphagov/verify-il3-laptop-bootstrap",
            "git_clone_url": "git://github.com/alphagov/verify-il3-laptop-bootstrap.git",
            "gitignore_template": null,
            "has_downloads": false,
            "has_issues": true,
            "has_projects": false,
            "has_wiki": true,
            "homepage_url": "",
            "html_url": "https://github.com/alphagov/verify-il3-laptop-bootstrap",
            "http_clone_url": "https://github.com/alphagov/verify-il3-laptop-bootstrap.git",
            "id": "verify-il3-laptop-bootstrap",
            "license_template": null,
            "name": "verify-il3-laptop-bootstrap",
            "private": true,
            "ssh_clone_url": "git@github.com:alphagov/verify-il3-laptop-bootstrap.git",
            "svn_url": "https://github.com/alphagov/verify-il3-laptop-bootstrap",
            "topics": [
              "verify"
            ]
          }
        }
      ]
    },
    {
      "module": "module.repo_dcs_performance_tests",
      "mode": "managed",
      "type": "github_repository",
      "name": "repo",
      "provider": "provider.github",
      "instances": [
        {
          "schema_version": 0,
          "attributes": {
            "allow_merge_commit": true,
            "allow_rebase_merge": false,
            "allow_squash_merge": false,
            "archived": false,
            "auto_init": true,
            "default_branch": "master",
            "description": "Verify DCS Performance Tests",
            "etag": "W/\"68e5818b5474f36cd1cffb23fb5254fa\"",
            "full_name": "alphagov/dcs-performance-tests",
            "git_clone_url": "git://github.com/alphagov/dcs-performance-tests.git",
            "gitignore_template": null,
            "has_downloads": false,
            "has_issues": true,
            "has_projects": false,
            "has_wiki": true,
            "homepage_url": "",
            "html_url": "https://github.com/alphagov/dcs-performance-tests",
            "http_clone_url": "https://github.com/alphagov/dcs-performance-tests.git",
            "id": "dcs-performance-tests",
            "license_template": null,
            "name": "dcs-performance-tests",
            "private": true,
            "ssh_clone_url": "git@github.com:alphagov/dcs-performance-tests.git",
            "svn_url": "https://github.com/alphagov/dcs-performance-tests",
            "topics": [
              "verify"
            ]
          }
        }
      ]
    },
    {
      "module": "module.repo_doc_checking",
      "mode": "managed",
      "type": "github_repository",
      "name": "repo",
      "provider": "provider.github",
      "instances": [
        {
          "schema_version": 0,
          "attributes": {
            "allow_merge_commit": true,
            "allow_rebase_merge": false,
            "allow_squash_merge": false,
            "archived": false,
            "auto_init": true,
            "default_branch": "master",
            "description": "Verify Document Checking Service",
            "etag": "W/\"60db807e0151bedc8ef092ccf966cf21\"",
            "full_name": "alphagov/doc-checking",
            "git_clone_url": "git://github.com/alphagov/doc-checking.git",
            "gitignore_template": null,
            "has_downloads": false,
            "has_issues": true,
            "has_projects": false,
            "has_wiki": true,
            "homepage_url": "",
            "html_url": "https://github.com/alphagov/doc-checking",
            "http_clone_url": "https://github.com/alphagov/doc-checking.git",
            "id": "doc-checking",
            "license_template": null,
            "name": "doc-checking",
            "private": true,
            "ssh_clone_url": "git@github.com:alphagov/doc-checking.git",
            "svn_url": "https://github.com/alphagov/doc-checking",
            "topics": [
              "verify"
            ]
          }
        }
      ]
    },
    {
      "module": "module.repo_verify_build_scripts",
      "mode": "managed",
      "type": "github_repository",
      "name": "repo",
      "provider": "provider.github",
      "instances": [
        {
          "schema_version": 0,
          "attributes": {
            "allow_merge_commit": true,
            "allow_rebase_merge": false,
            "allow_squash_merge": false,
            "archived": false,
            "auto_init": true,
            "default_branch": "master",
            "description": "Useful scripts and tools for Verify tech",
            "etag": "W/\"119929f8fa9efe35e73e8b74908830e8\"",
            "full_name": "alphagov/verify-build-scripts",
            "git_clone_url": "git://github.com/alphagov/verify-build-scripts.git",
            "gitignore_template": null,
            "has_downloads": false,
            "has_issues": true,
            "has_projects": false,
            "has_wiki": true,
            "homepage_url": "",
            "html_url": "https://github.com/alphagov/verify-build-scripts",
            "http_clone_url": "https://github.com/alphagov/verify-build-scripts.git",
            "id": "verify-build-scripts",
            "license_template": null,
            "name": "verify-build-scripts",
            "private": true,
            "ssh_clone_url": "git@github.com:alphagov/verify-build-scripts.git",
            "svn_url": "https://github.com/alphagov/verify-build-scripts",
            "topics": [
              "verify"
            ]
          }
        }
      ]
    },
    {
      "module": "module.repo_verify_event_emitter_loader",
      "mode": "managed",
      "type": "github_repository",
      "name": "repo",
      "provider": "provider.github",
      "instances": [
        {
          "schema_version": 0,
          "attributes": {
            "allow_merge_commit": true,
            "allow_rebase_merge": false,
            "allow_squash_merge": false,
            "archived": false,
            "auto_init": null,
            "default_branch": "master",
            "description": "Create encrypted events in a given queue",
            "etag": "W/\"9202cf7886810b5ab09286c806d5c0b1\"",
            "full_name": "alphagov/verify-event-emitter-loader",
            "git_clone_url": "git://github.com/alphagov/verify-event-emitter-loader.git",
            "gitignore_template": null,
            "has_downloads": false,
            "has_issues": true,
            "has_projects": false,
            "has_wiki": true,
            "homepage_url": "",
            "html_url": "https://github.com/alphagov/verify-event-emitter-loader",
            "http_clone_url": "https://github.com/alphagov/verify-event-emitter-loader.git",
            "id": "verify-event-emitter-loader",
            "license_template": null,
            "name": "verify-event-emitter-loader",
            "private": false,
            "ssh_clone_url": "git@github.com:alphagov/verify-event-emitter-loader.git",
            "svn_url": "https://github.com/alphagov/verify-event-emitter-loader",
            "topics": []
          }
        }
      ]
    },
    {
      "module": "module.repo_verify_eidas_mw_run",
      "mode": "managed",
      "type": "github_repository",
      "name": "repo",
      "provider": "provider.github",
      "instances": [
        {
          "schema_version": 0,
          "attributes": {
            "allow_merge_commit": true,
            "allow_rebase_merge": false,
            "allow_squash_merge": false,
            "archived": false,
            "auto_init": true,
            "default_branch": "master",
            "description": "German eIDAS middleware run container",
            "etag": "W/\"3d4ed3eff062141eaba3e22c5ef8b485\"",
            "full_name": "alphagov/verify-eidas-mw-run",
            "git_clone_url": "git://github.com/alphagov/verify-eidas-mw-run.git",
            "gitignore_template": null,
            "has_downloads": false,
            "has_issues": true,
            "has_projects": false,
            "has_wiki": true,
            "homepage_url": "",
            "html_url": "https://github.com/alphagov/verify-eidas-mw-run",
            "http_clone_url": "https://github.com/alphagov/verify-eidas-mw-run.git",
            "id": "verify-eidas-mw-run",
            "license_template": null,
            "name": "verify-eidas-mw-run",
            "private": false,
            "ssh_clone_url": "git@github.com:alphagov/verify-eidas-mw-run.git",
            "svn_url": "https://github.com/alphagov/verify-eidas-mw-run",
            "topics": []
          }
        }
      ]
    },
    {
      "module": "module.repo_verify_event_system_database_scripts",
      "mode": "managed",
      "type": "github_repository",
      "name": "repo",
      "provider": "provider.github",
      "instances": [
        {
          "schema_version": 0,
          "attributes": {
            "allow_merge_commit": true,
            "allow_rebase_merge": false,
            "allow_squash_merge": false,
            "archived": false,
            "auto_init": null,
            "default_branch": "master",
            "description": "SQL scripts and schemas for the Event System database",
            "etag": "W/\"8f293d5b858a01ffb2803e7673622b9e\"",
            "full_name": "alphagov/verify-event-system-database-scripts",
            "git_clone_url": "git://github.com/alphagov/verify-event-system-database-scripts.git",
            "gitignore_template": null,
            "has_downloads": false,
            "has_issues": true,
            "has_projects": false,
            "has_wiki": true,
            "homepage_url": "",
            "html_url": "https://github.com/alphagov/verify-event-system-database-scripts",
            "http_clone_url": "https://github.com/alphagov/verify-event-system-database-scripts.git",
            "id": "verify-event-system-database-scripts",
            "license_template": null,
            "name": "verify-event-system-database-scripts",
            "private": false,
            "ssh_clone_url": "git@github.com:alphagov/verify-event-system-database-scripts.git",
            "svn_url": "https://github.com/alphagov/verify-event-system-database-scripts",
            "topics": []
          }
        }
      ]
    },
    {
      "module": "module.repo_verify_eidas_metadata_aggregator",
      "mode": "managed",
      "type": "github_repository",
      "name": "repo",
      "provider": "provider.github",
      "instances": [
        {
          "schema_version": 0,
          "attributes": {
            "allow_merge_commit": true,
            "allow_rebase_merge": false,
            "allow_squash_merge": false,
            "archived": false,
            "auto_init": true,
            "default_branch": "master",
            "description": "Script to aggregate SAML metadata from EU countries",
            "etag": "W/\"2dfa6959f01d3a87084dfd048ee3a880\"",
            "full_name": "alphagov/verify-eidas-metadata-aggregator",
            "git_clone_url": "git://github.com/alphagov/verify-eidas-metadata-aggregator.git",
            "gitignore_template": null,
            "has_downloads": false,
            "has_issues": true,
            "has_projects": false,
            "has_wiki": true,
            "homepage_url": "",
            "html_url": "https://github.com/alphagov/verify-eidas-metadata-aggregator",
            "http_clone_url": "https://github.com/alphagov/verify-eidas-metadata-aggregator.git",
            "id": "verify-eidas-metadata-aggregator",
            "license_template": null,
            "name": "verify-eidas-metadata-aggregator",
            "private": false,
            "ssh_clone_url": "git@github.com:alphagov/verify-eidas-metadata-aggregator.git",
            "svn_url": "https://github.com/alphagov/verify-eidas-metadata-aggregator",
            "topics": [
              "verify"
            ]
          }
        }
      ]
    },
    {
      "module": "module.repo_verify_idp_predictor",
      "mode": "managed",
      "type": "github_repository",
      "name": "repo",
      "provider": "provider.github",
      "instances": [
        {
          "schema_version": 0,
          "attributes": {
            "allow_merge_commit": true,
            "allow_rebase_merge": false,
            "allow_squash_merge": false,
            "archived": false,
            "auto_init": null,
            "default_branch": "master",
            "description": "The IDP Predictor for GOV.UK Verify.",
            "etag": "W/\"9b60971eafe2fb77ab7afca55b0a55ec\"",
            "full_name": "alphagov/verify-idp-predictor",
            "git_clone_url": "git://github.com/alphagov/verify-idp-predictor.git",
            "gitignore_template": null,
            "has_downloads": false,
            "has_issues": true,
            "has_projects": false,
            "has_wiki": true,
            "homepage_url": "",
            "html_url": "https://github.com/alphagov/verify-idp-predictor",
            "http_clone_url": "https://github.com/alphagov/verify-idp-predictor.git",
            "id": "verify-idp-predictor",
            "license_template": null,
            "name": "verify-idp-predictor",
            "private": true,
            "ssh_clone_url": "git@github.com:alphagov/verify-idp-predictor.git",
            "svn_url": "https://github.com/alphagov/verify-idp-predictor",
            "topics": []
          }
        }
      ]
    },
    {
      "module": "module.repo_verify_release_logs",
      "mode": "managed",
      "type": "github_repository",
      "name": "repo",
      "provider": "provider.github",
      "instances": [
        {
          "schema_version": 0,
          "attributes": {
            "allow_merge_commit": true,
            "allow_rebase_merge": false,
            "allow_squash_merge": false,
            "archived": false,
            "auto_init": null,
            "default_branch": "master",
            "description": "Logs of releases generated from the verify-release-automation tool",
            "etag": "W/\"dc75fbc6178950119904af17d29c8ab2\"",
            "full_name": "alphagov/verify-release-logs",
            "git_clone_url": "git://github.com/alphagov/verify-release-logs.git",
            "gitignore_template": null,
            "has_downloads": false,
            "has_issues": true,
            "has_projects": false,
            "has_wiki": true,
            "homepage_url": "",
            "html_url": "https://github.com/alphagov/verify-release-logs",
            "http_clone_url": "https://github.com/alphagov/verify-release-logs.git",
            "id": "verify-release-logs",
            "license_template": null,
            "name": "verify-release-logs",
            "private": true,
            "ssh_clone_url": "git@github.com:alphagov/verify-release-logs.git",
            "svn_url": "https://github.com/alphagov/verify-release-logs",
            "topics": [
              "verify"
            ]
          }
        }
      ]
    },
    {
      "module": "module.repo_verify_architecture",
      "mode": "managed",
      "type": "github_repository",
      "name": "repo",
      "provider": "provider.github",
      "instances": [
        {
          "schema_version": 0,
          "attributes": {
            "allow_merge_commit": true,
            "allow_rebase_merge": false,
            "allow_squash_merge": false,
            "archived": false,
            "auto_init": true,
            "default_branch": "master",
            "description": "Contains architectural documentation",
            "etag": "W/\"acb6b1f0c5f4b1ea3afe9513ab8329db\"",
            "full_name": "alphagov/verify-architecture",
            "git_clone_url": "git://github.com/alphagov/verify-architecture.git",
            "gitignore_template": null,
            "has_downloads": false,
            "has_issues": true,
            "has_projects": false,
            "has_wiki": true,
            "homepage_url": "",
            "html_url": "https://github.com/alphagov/verify-architecture",
            "http_clone_url": "https://github.com/alphagov/verify-architecture.git",
            "id": "verify-architecture",
            "license_template": null,
            "name": "verify-architecture",
            "private": true,
            "ssh_clone_url": "git@github.com:alphagov/verify-architecture.git",
            "svn_url": "https://github.com/alphagov/verify-architecture",
            "topics": [
              "verify"
            ]
          }
        }
      ]
    },
    {
      "module": "module.repo_verify_self_service_infrastructure",
      "mode": "managed",
      "type": "github_repository",
      "name": "repo",
      "provider": "provider.github",
      "instances": [
        {
          "schema_version": 0,
          "attributes": {
            "allow_merge_commit": true,
            "allow_rebase_merge": false,
            "allow_squash_merge": false,
            "archived": false,
            "auto_init": true,
            "default_branch": "master",
            "description": "Infrastructure and terraform files for Verify Self Service",
            "etag": "W/\"431e2582da4b13c8a89b502f1c97d787\"",
            "full_name": "alphagov/verify-self-service-infrastructure",
            "git_clone_url": "git://github.com/alphagov/verify-self-service-infrastructure.git",
            "gitignore_template": null,
            "has_downloads": false,
            "has_issues": true,
            "has_projects": false,
            "has_wiki": true,
            "homepage_url": "",
            "html_url": "https://github.com/alphagov/verify-self-service-infrastructure",
            "http_clone_url": "https://github.com/alphagov/verify-self-service-infrastructure.git",
            "id": "verify-self-service-infrastructure",
            "license_template": null,
            "name": "verify-self-service-infrastructure",
            "private": true,
            "ssh_clone_url": "git@github.com:alphagov/verify-self-service-infrastructure.git",
            "svn_url": "https://github.com/alphagov/verify-self-service-infrastructure",
            "topics": []
          }
        }
      ]
    },
    {
      "module": "module.repo_verify_blackbox_passwords",
      "mode": "managed",
      "type": "github_repository",
      "name": "repo",
      "provider": "provider.github",
      "instances": [
        {
          "schema_version": 0,
          "attributes": {
            "allow_merge_commit": true,
            "allow_rebase_merge": false,
            "allow_squash_merge": false,
            "archived": false,
            "auto_init": null,
            "default_branch": "master",
            "description": "Securely stored credentials for Verify",
            "etag": "W/\"ff4de9acf6f282fdeb743b6056edafe7\"",
            "full_name": "alphagov/verify-blackbox-passwords",
            "git_clone_url": "git://github.com/alphagov/verify-blackbox-passwords.git",
            "gitignore_template": null,
            "has_downloads": false,
            "has_issues": true,
            "has_projects": false,
            "has_wiki": true,
            "homepage_url": "",
            "html_url": "https://github.com/alphagov/verify-blackbox-passwords",
            "http_clone_url": "https://github.com/alphagov/verify-blackbox-passwords.git",
            "id": "verify-blackbox-passwords",
            "license_template": null,
            "name": "verify-blackbox-passwords",
            "private": true,
            "ssh_clone_url": "git@github.com:alphagov/verify-blackbox-passwords.git",
            "svn_url": "https://github.com/alphagov/verify-blackbox-passwords",
            "topics": [
              "verify"
            ]
          }
        }
      ]
    },
    {
      "module": "module.repo_verify_hub_federation_config",
      "mode": "managed",
      "type": "github_repository",
      "name": "repo",
      "provider": "provider.github",
      "instances": [
        {
          "schema_version": 0,
          "attributes": {
            "allow_merge_commit": true,
            "allow_rebase_merge": false,
            "allow_squash_merge": false,
            "archived": false,
            "auto_init": true,
            "default_branch": "master",
            "description": "Verify Hub federation configuration",
            "etag": "W/\"f92f515b4b9df933b5f0e7380b1ce1dc\"",
            "full_name": "alphagov/verify-hub-federation-config",
            "git_clone_url": "git://github.com/alphagov/verify-hub-federation-config.git",
            "gitignore_template": null,
            "has_downloads": false,
            "has_issues": true,
            "has_projects": false,
            "has_wiki": true,
            "homepage_url": "",
            "html_url": "https://github.com/alphagov/verify-hub-federation-config",
            "http_clone_url": "https://github.com/alphagov/verify-hub-federation-config.git",
            "id": "verify-hub-federation-config",
            "license_template": null,
            "name": "verify-hub-federation-config",
            "private": true,
            "ssh_clone_url": "git@github.com:alphagov/verify-hub-federation-config.git",
            "svn_url": "https://github.com/alphagov/verify-hub-federation-config",
            "topics": [
              "verify"
            ]
          }
        }
      ]
    },
    {
      "module": "module.repo_verify_test_repo",
      "mode": "managed",
      "type": "github_repository",
      "name": "repo",
      "provider": "provider.github",
      "instances": [
        {
          "schema_version": 0,
          "attributes": {
            "allow_merge_commit": true,
            "allow_rebase_merge": false,
            "allow_squash_merge": false,
            "archived": false,
            "auto_init": true,
            "default_branch": "master",
            "description": "Test repo",
            "etag": "W/\"8b827bf15ecffa411169525f0f154761\"",
            "full_name": "alphagov/verify-test-repo",
            "git_clone_url": "git://github.com/alphagov/verify-test-repo.git",
            "gitignore_template": null,
            "has_downloads": false,
            "has_issues": true,
            "has_projects": false,
            "has_wiki": true,
            "homepage_url": "",
            "html_url": "https://github.com/alphagov/verify-test-repo",
            "http_clone_url": "https://github.com/alphagov/verify-test-repo.git",
            "id": "verify-test-repo",
            "license_template": null,
            "name": "verify-test-repo",
            "private": false,
            "ssh_clone_url": "git@github.com:alphagov/verify-test-repo.git",
            "svn_url": "https://github.com/alphagov/verify-test-repo",
            "topics": []
          }
        }
      ]
    },
    {
      "module": "module.repo_verify_proxy_node_infra",
      "mode": "managed",
      "type": "github_repository",
      "name": "repo",
      "provider": "provider.github",
      "instances": [
        {
          "schema_version": 0,
          "attributes": {
            "allow_merge_commit": true,
            "allow_rebase_merge": false,
            "allow_squash_merge": false,
            "archived": false,
            "auto_init": true,
            "default_branch": "master",
            "description": "Verify eIDAS Proxy Node infrastructure",
            "etag": "W/\"c55dea0c72570a0464868500f5f4eb34\"",
            "full_name": "alphagov/verify-proxy-node-infra",
            "git_clone_url": "git://github.com/alphagov/verify-proxy-node-infra.git",
            "gitignore_template": null,
            "has_downloads": false,
            "has_issues": true,
            "has_projects": false,
            "has_wiki": true,
            "homepage_url": "",
            "html_url": "https://github.com/alphagov/verify-proxy-node-infra",
            "http_clone_url": "https://github.com/alphagov/verify-proxy-node-infra.git",
            "id": "verify-proxy-node-infra",
            "license_template": null,
            "name": "verify-proxy-node-infra",
            "private": true,
            "ssh_clone_url": "git@github.com:alphagov/verify-proxy-node-infra.git",
            "svn_url": "https://github.com/alphagov/verify-proxy-node-infra",
            "topics": []
          }
        }
      ]
    },
    {
      "module": "module.repo_metadata_checker",
      "mode": "managed",
      "type": "github_repository",
      "name": "repo",
      "provider": "provider.github",
      "instances": [
        {
          "schema_version": 0,
          "attributes": {
            "allow_merge_commit": true,
            "allow_rebase_merge": false,
            "allow_squash_merge": false,
            "archived": false,
            "auto_init": null,
            "default_branch": "master",
            "description": "Tools for parsing and monitoring SAML metadata",
            "etag": "W/\"0227bd0ef2b247ce32f282b30d113776\"",
            "full_name": "alphagov/metadata-checker",
            "git_clone_url": "git://github.com/alphagov/metadata-checker.git",
            "gitignore_template": null,
            "has_downloads": false,
            "has_issues": true,
            "has_projects": false,
            "has_wiki": true,
            "homepage_url": "",
            "html_url": "https://github.com/alphagov/metadata-checker",
            "http_clone_url": "https://github.com/alphagov/metadata-checker.git",
            "id": "metadata-checker",
            "license_template": null,
            "name": "metadata-checker",
            "private": false,
            "ssh_clone_url": "git@github.com:alphagov/metadata-checker.git",
            "svn_url": "https://github.com/alphagov/metadata-checker",
            "topics": [
              "verify"
            ]
          }
        }
      ]
    },
    {
      "module": "module.repo_verify_terraform",
      "mode": "managed",
      "type": "github_repository",
      "name": "repo",
      "provider": "provider.github",
      "instances": [
        {
          "schema_version": 0,
          "attributes": {
            "allow_merge_commit": true,
            "allow_rebase_merge": false,
            "allow_squash_merge": false,
            "archived": false,
            "auto_init": true,
            "default_branch": "master",
            "description": "Terraform code for GOV.UK Verify infrastructure",
            "etag": "W/\"efa110131bd46ae2081e80e6a9c8b618\"",
            "full_name": "alphagov/verify-terraform",
            "git_clone_url": "git://github.com/alphagov/verify-terraform.git",
            "gitignore_template": null,
            "has_downloads": false,
            "has_issues": true,
            "has_projects": false,
            "has_wiki": true,
            "homepage_url": "",
            "html_url": "https://github.com/alphagov/verify-terraform",
            "http_clone_url": "https://github.com/alphagov/verify-terraform.git",
            "id": "verify-terraform",
            "license_template": null,
            "name": "verify-terraform",
            "private": true,
            "ssh_clone_url": "git@github.com:alphagov/verify-terraform.git",
            "svn_url": "https://github.com/alphagov/verify-terraform",
            "topics": [
              "verify"
            ]
          }
        }
      ]
    },
    {
      "module": "module.repo_splunk_library_javalogging",
      "mode": "managed",
      "type": "github_repository",
      "name": "repo",
      "provider": "provider.github",
      "instances": [
        {
          "schema_version": 0,
          "attributes": {
            "allow_merge_commit": true,
            "allow_rebase_merge": false,
            "allow_squash_merge": false,
            "archived": false,
            "auto_init": false,
            "default_branch": "master",
            "description": "",
            "etag": "W/\"80d323a2067a0cfd08c574e6a819a1ef\"",
            "full_name": "alphagov/splunk-library-javalogging",
            "git_clone_url": "git://github.com/alphagov/splunk-library-javalogging.git",
            "gitignore_template": null,
            "has_downloads": false,
            "has_issues": true,
            "has_projects": false,
            "has_wiki": true,
            "homepage_url": "",
            "html_url": "https://github.com/alphagov/splunk-library-javalogging",
            "http_clone_url": "https://github.com/alphagov/splunk-library-javalogging.git",
            "id": "splunk-library-javalogging",
            "license_template": null,
            "name": "splunk-library-javalogging",
            "private": false,
            "ssh_clone_url": "git@github.com:alphagov/splunk-library-javalogging.git",
            "svn_url": "https://github.com/alphagov/splunk-library-javalogging",
            "topics": []
          }
        }
      ]
    },
    {
      "module": "module.repo_verify_support_form",
      "mode": "managed",
      "type": "github_repository",
      "name": "repo",
      "provider": "provider.github",
      "instances": [
        {
          "schema_version": 0,
          "attributes": {
            "allow_merge_commit": true,
            "allow_rebase_merge": false,
            "allow_squash_merge": false,
            "archived": false,
            "auto_init": true,
            "default_branch": "master",
            "description": "Verify support form",
            "etag": "W/\"52d0377fd0c1b796c1036f584269d6b0\"",
            "full_name": "alphagov/verify-support-form",
            "git_clone_url": "git://github.com/alphagov/verify-support-form.git",
            "gitignore_template": null,
            "has_downloads": false,
            "has_issues": true,
            "has_projects": false,
            "has_wiki": true,
            "homepage_url": "",
            "html_url": "https://github.com/alphagov/verify-support-form",
            "http_clone_url": "https://github.com/alphagov/verify-support-form.git",
            "id": "verify-support-form",
            "license_template": null,
            "name": "verify-support-form",
            "private": false,
            "ssh_clone_url": "git@github.com:alphagov/verify-support-form.git",
            "svn_url": "https://github.com/alphagov/verify-support-form",
            "topics": [
              "verify"
            ]
          }
        }
      ]
    },
    {
      "module": "module.repo_verify_eidas_mw_config_generator",
      "mode": "managed",
      "type": "github_repository",
      "name": "repo",
      "provider": "provider.github",
      "instances": [
        {
          "schema_version": 0,
          "attributes": {
            "allow_merge_commit": true,
            "allow_rebase_merge": false,
            "allow_squash_merge": false,
            "archived": false,
            "auto_init": true,
            "default_branch": "master",
            "description": "eIDAS Middleware Configuration Generator",
            "etag": "W/\"f09b6d779f8e2ec84e7a6b388d655e11\"",
            "full_name": "alphagov/verify-eidas-mw-config-generator",
            "git_clone_url": "git://github.com/alphagov/verify-eidas-mw-config-generator.git",
            "gitignore_template": null,
            "has_downloads": false,
            "has_issues": true,
            "has_projects": false,
            "has_wiki": true,
            "homepage_url": "",
            "html_url": "https://github.com/alphagov/verify-eidas-mw-config-generator",
            "http_clone_url": "https://github.com/alphagov/verify-eidas-mw-config-generator.git",
            "id": "verify-eidas-mw-config-generator",
            "license_template": null,
            "name": "verify-eidas-mw-config-generator",
            "private": false,
            "ssh_clone_url": "git@github.com:alphagov/verify-eidas-mw-config-generator.git",
            "svn_url": "https://github.com/alphagov/verify-eidas-mw-config-generator",
            "topics": []
          }
        }
      ]
    },
    {
      "module": "module.repo_verify_infrastructure_config",
      "mode": "managed",
      "type": "github_repository",
      "name": "repo",
      "provider": "provider.github",
      "instances": [
        {
          "schema_version": 0,
          "attributes": {
            "allow_merge_commit": true,
            "allow_rebase_merge": false,
            "allow_squash_merge": false,
            "archived": false,
            "auto_init": null,
            "default_branch": "master",
            "description": "ECS Hub Config (including the CI/CD pipeline)",
            "etag": "W/\"c84a78e78f19da246eca7cfc95b57f82\"",
            "full_name": "alphagov/verify-infrastructure-config",
            "git_clone_url": "git://github.com/alphagov/verify-infrastructure-config.git",
            "gitignore_template": null,
            "has_downloads": false,
            "has_issues": true,
            "has_projects": false,
            "has_wiki": true,
            "homepage_url": "",
            "html_url": "https://github.com/alphagov/verify-infrastructure-config",
            "http_clone_url": "https://github.com/alphagov/verify-infrastructure-config.git",
            "id": "verify-infrastructure-config",
            "license_template": null,
            "name": "verify-infrastructure-config",
            "private": true,
            "ssh_clone_url": "git@github.com:alphagov/verify-infrastructure-config.git",
            "svn_url": "https://github.com/alphagov/verify-infrastructure-config",
            "topics": []
          }
        }
      ]
    },
    {
      "module": "module.repo_verify_stub_idp_federation_config",
      "mode": "managed",
      "type": "github_repository",
      "name": "repo",
      "provider": "provider.github",
      "instances": [
        {
          "schema_version": 0,
          "attributes": {
            "allow_merge_commit": true,
            "allow_rebase_merge": false,
            "allow_squash_merge": false,
            "archived": false,
            "auto_init": true,
            "default_branch": "master",
            "description": "Federation config for verify-stub-idp",
            "etag": "W/\"54ff078f59e7abddede54d43a0730fdc\"",
            "full_name": "alphagov/verify-stub-idp-federation-config",
            "git_clone_url": "git://github.com/alphagov/verify-stub-idp-federation-config.git",
            "gitignore_template": null,
            "has_downloads": false,
            "has_issues": true,
            "has_projects": false,
            "has_wiki": true,
            "homepage_url": "",
            "html_url": "https://github.com/alphagov/verify-stub-idp-federation-config",
            "http_clone_url": "https://github.com/alphagov/verify-stub-idp-federation-config.git",
            "id": "verify-stub-idp-federation-config",
            "license_template": null,
            "name": "verify-stub-idp-federation-config",
            "private": true,
            "ssh_clone_url": "git@github.com:alphagov/verify-stub-idp-federation-config.git",
            "svn_url": "https://github.com/alphagov/verify-stub-idp-federation-config",
            "topics": [
              "verify"
            ]
          }
        }
      ]
    },
    {
      "module": "module.repo_verify_fabric",
      "mode": "managed",
      "type": "github_repository",
      "name": "repo",
      "provider": "provider.github",
      "instances": [
        {
          "schema_version": 0,
          "attributes": {
            "allow_merge_commit": true,
            "allow_rebase_merge": false,
            "allow_squash_merge": false,
            "archived": false,
            "auto_init": true,
            "default_branch": "master",
            "description": " Fabric for Verify ",
            "etag": "W/\"1f0206b97ee55252dd2df154229088d4\"",
            "full_name": "alphagov/verify-fabric",
            "git_clone_url": "git://github.com/alphagov/verify-fabric.git",
            "gitignore_template": null,
            "has_downloads": false,
            "has_issues": true,
            "has_projects": false,
            "has_wiki": true,
            "homepage_url": "",
            "html_url": "https://github.com/alphagov/verify-fabric",
            "http_clone_url": "https://github.com/alphagov/verify-fabric.git",
            "id": "verify-fabric",
            "license_template": null,
            "name": "verify-fabric",
            "private": true,
            "ssh_clone_url": "git@github.com:alphagov/verify-fabric.git",
            "svn_url": "https://github.com/alphagov/verify-fabric",
            "topics": [
              "verify"
            ]
          }
        }
      ]
    },
    {
      "module": "module.repo_verify_service_provider",
      "mode": "managed",
      "type": "github_repository",
      "name": "repo",
      "provider": "provider.github",
      "instances": [
        {
          "schema_version": 0,
          "attributes": {
            "allow_merge_commit": true,
            "allow_rebase_merge": false,
            "allow_squash_merge": false,
            "archived": false,
            "auto_init": true,
            "default_branch": "master",
            "description": ":crown: :ballot_box_with_check: The easiest way to connect to GOV.UK Verify",
            "etag": "W/\"96139597271fcecf7abc8fd10b0c953c\"",
            "full_name": "alphagov/verify-service-provider",
            "git_clone_url": "git://github.com/alphagov/verify-service-provider.git",
            "gitignore_template": null,
            "has_downloads": false,
            "has_issues": true,
            "has_projects": false,
            "has_wiki": true,
            "homepage_url": "",
            "html_url": "https://github.com/alphagov/verify-service-provider",
            "http_clone_url": "https://github.com/alphagov/verify-service-provider.git",
            "id": "verify-service-provider",
            "license_template": null,
            "name": "verify-service-provider",
            "private": false,
            "ssh_clone_url": "git@github.com:alphagov/verify-service-provider.git",
            "svn_url": "https://github.com/alphagov/verify-service-provider",
            "topics": [
              "dropwizard",
              "verify"
            ]
          }
        }
      ]
    },
    {
      "module": "module.repo_verify_dashing",
      "mode": "managed",
      "type": "github_repository",
      "name": "repo",
      "provider": "provider.github",
      "instances": [
        {
          "schema_version": 0,
          "attributes": {
            "allow_merge_commit": true,
            "allow_rebase_merge": false,
            "allow_squash_merge": false,
            "archived": false,
            "auto_init": null,
            "default_branch": "master",
            "description": "Used to run yak dashboard",
            "etag": "W/\"f5f0586052233c5d91bf1d78ceeead14\"",
            "full_name": "alphagov/verify-dashing",
            "git_clone_url": "git://github.com/alphagov/verify-dashing.git",
            "gitignore_template": null,
            "has_downloads": false,
            "has_issues": true,
            "has_projects": false,
            "has_wiki": true,
            "homepage_url": "",
            "html_url": "https://github.com/alphagov/verify-dashing",
            "http_clone_url": "https://github.com/alphagov/verify-dashing.git",
            "id": "verify-dashing",
            "license_template": null,
            "name": "verify-dashing",
            "private": true,
            "ssh_clone_url": "git@github.com:alphagov/verify-dashing.git",
            "svn_url": "https://github.com/alphagov/verify-dashing",
            "topics": [
              "verify"
            ]
          }
        }
      ]
    },
    {
      "module": "module.repo_passport_verify_stub_relying_party",
      "mode": "managed",
      "type": "github_repository",
      "name": "repo",
      "provider": "provider.github",
      "instances": [
        {
          "schema_version": 0,
          "attributes": {
            "allow_merge_commit": true,
            "allow_rebase_merge": false,
            "allow_squash_merge": false,
            "archived": false,
            "auto_init": true,
            "default_branch": "master",
            "description": "Stub Relying party that integrates with Verify using the passport-verify library",
            "etag": "W/\"8895cf0fcba9a9b29d49a30f2c9823be\"",
            "full_name": "alphagov/passport-verify-stub-relying-party",
            "git_clone_url": "git://github.com/alphagov/passport-verify-stub-relying-party.git",
            "gitignore_template": null,
            "has_downloads": false,
            "has_issues": true,
            "has_projects": false,
            "has_wiki": true,
            "homepage_url": "",
            "html_url": "https://github.com/alphagov/passport-verify-stub-relying-party",
            "http_clone_url": "https://github.com/alphagov/passport-verify-stub-relying-party.git",
            "id": "passport-verify-stub-relying-party",
            "license_template": null,
            "name": "passport-verify-stub-relying-party",
            "private": false,
            "ssh_clone_url": "git@github.com:alphagov/passport-verify-stub-relying-party.git",
            "svn_url": "https://github.com/alphagov/passport-verify-stub-relying-party",
            "topics": [
              "verify"
            ]
          }
        }
      ]
    },
    {
      "module": "module.repo_verify_frontend_federation_config",
      "mode": "managed",
      "type": "github_repository",
      "name": "repo",
      "provider": "provider.github",
      "instances": [
        {
          "schema_version": 0,
          "attributes": {
            "allow_merge_commit": true,
            "allow_rebase_merge": false,
            "allow_squash_merge": false,
            "archived": false,
            "auto_init": true,
            "default_branch": "master",
            "description": "Federation configuration for the Verify frontend",
            "etag": "W/\"2039537536eb81a9ccf24c4fdc708c45\"",
            "full_name": "alphagov/verify-frontend-federation-config",
            "git_clone_url": "git://github.com/alphagov/verify-frontend-federation-config.git",
            "gitignore_template": null,
            "has_downloads": false,
            "has_issues": true,
            "has_projects": false,
            "has_wiki": true,
            "homepage_url": "",
            "html_url": "https://github.com/alphagov/verify-frontend-federation-config",
            "http_clone_url": "https://github.com/alphagov/verify-frontend-federation-config.git",
            "id": "verify-frontend-federation-config",
            "license_template": null,
            "name": "verify-frontend-federation-config",
            "private": true,
            "ssh_clone_url": "git@github.com:alphagov/verify-frontend-federation-config.git",
            "svn_url": "https://github.com/alphagov/verify-frontend-federation-config",
            "topics": [
              "verify"
            ]
          }
        }
      ]
    },
    {
      "module": "module.repo_verify_event_recorder_service",
      "mode": "managed",
      "type": "github_repository",
      "name": "repo",
      "provider": "provider.github",
      "instances": [
        {
          "schema_version": 0,
          "attributes": {
            "allow_merge_commit": true,
            "allow_rebase_merge": false,
            "allow_squash_merge": false,
            "archived": false,
            "auto_init": true,
            "default_branch": "master",
            "description": "This service is part of Verify's event recording system; its purpose is to read events from a queue and write them to a permanent datastore.",
            "etag": "W/\"5b66bbfc6c4c480ed1335c86dcb62f03\"",
            "full_name": "alphagov/verify-event-recorder-service",
            "git_clone_url": "git://github.com/alphagov/verify-event-recorder-service.git",
            "gitignore_template": null,
            "has_downloads": false,
            "has_issues": true,
            "has_projects": false,
            "has_wiki": true,
            "homepage_url": "",
            "html_url": "https://github.com/alphagov/verify-event-recorder-service",
            "http_clone_url": "https://github.com/alphagov/verify-event-recorder-service.git",
            "id": "verify-event-recorder-service",
            "license_template": null,
            "name": "verify-event-recorder-service",
            "private": false,
            "ssh_clone_url": "git@github.com:alphagov/verify-event-recorder-service.git",
            "svn_url": "https://github.com/alphagov/verify-event-recorder-service",
            "topics": [
              "verify"
            ]
          }
        }
      ]
    },
    {
      "module": "module.repo_passport_verify",
      "mode": "managed",
      "type": "github_repository",
      "name": "repo",
      "provider": "provider.github",
      "instances": [
        {
          "schema_version": 0,
          "attributes": {
            "allow_merge_commit": true,
            "allow_rebase_merge": false,
            "allow_squash_merge": false,
            "archived": false,
            "auto_init": true,
            "default_branch": "master",
            "description": ":passport_control: :crown: :ballot_box_with_check: A passport.js strategy for GOV.UK Verify",
            "etag": "W/\"83beedc04f9725cfc1c166b636e5c55f\"",
            "full_name": "alphagov/passport-verify",
            "git_clone_url": "git://github.com/alphagov/passport-verify.git",
            "gitignore_template": null,
            "has_downloads": false,
            "has_issues": true,
            "has_projects": false,
            "has_wiki": true,
            "homepage_url": "",
            "html_url": "https://github.com/alphagov/passport-verify",
            "http_clone_url": "https://github.com/alphagov/passport-verify.git",
            "id": "passport-verify",
            "license_template": null,
            "name": "passport-verify",
            "private": false,
            "ssh_clone_url": "git@github.com:alphagov/passport-verify.git",
            "svn_url": "https://github.com/alphagov/passport-verify",
            "topics": [
              "verify"
            ]
          }
        }
      ]
    },
    {
      "module": "module.repo_verify_utils_libs",
      "mode": "managed",
      "type": "github_repository",
      "name": "repo",
      "provider": "provider.github",
      "instances": [
        {
          "schema_version": 0,
          "attributes": {
            "allow_merge_commit": true,
            "allow_rebase_merge": false,
            "allow_squash_merge": false,
            "archived": false,
            "auto_init": true,
            "default_branch": "master",
            "description": "Libraries used across multiple Verify projects",
            "etag": "W/\"719490f3abd406c04a8756f0b4e30832\"",
            "full_name": "alphagov/verify-utils-libs",
            "git_clone_url": "git://github.com/alphagov/verify-utils-libs.git",
            "gitignore_template": null,
            "has_downloads": false,
            "has_issues": true,
            "has_projects": false,
            "has_wiki": true,
            "homepage_url": "",
            "html_url": "https://github.com/alphagov/verify-utils-libs",
            "http_clone_url": "https://github.com/alphagov/verify-utils-libs.git",
            "id": "verify-utils-libs",
            "license_template": null,
            "name": "verify-utils-libs",
            "private": false,
            "ssh_clone_url": "git@github.com:alphagov/verify-utils-libs.git",
            "svn_url": "https://github.com/alphagov/verify-utils-libs",
            "topics": [
              "verify"
            ]
          }
        }
      ]
    },
    {
      "module": "module.repo_verify_metadata",
      "mode": "managed",
      "type": "github_repository",
      "name": "repo",
      "provider": "provider.github",
      "instances": [
        {
          "schema_version": 0,
          "attributes": {
            "allow_merge_commit": true,
            "allow_rebase_merge": false,
            "allow_squash_merge": false,
            "archived": false,
            "auto_init": true,
            "default_branch": "master",
            "description": "Verify SAML metadata sources",
            "etag": "W/\"b849495c79ab6347ad3adf22116e0997\"",
            "full_name": "alphagov/verify-metadata",
            "git_clone_url": "git://github.com/alphagov/verify-metadata.git",
            "gitignore_template": null,
            "has_downloads": false,
            "has_issues": true,
            "has_projects": false,
            "has_wiki": true,
            "homepage_url": "",
            "html_url": "https://github.com/alphagov/verify-metadata",
            "http_clone_url": "https://github.com/alphagov/verify-metadata.git",
            "id": "verify-metadata",
            "license_template": null,
            "name": "verify-metadata",
            "private": true,
            "ssh_clone_url": "git@github.com:alphagov/verify-metadata.git",
            "svn_url": "https://github.com/alphagov/verify-metadata",
            "topics": [
              "verify"
            ]
          }
        }
      ]
    },
    {
      "module": "module.repo_verify_datascience_sandbox",
      "mode": "managed",
      "type": "github_repository",
      "name": "repo",
      "provider": "provider.github",
      "instances": [
        {
          "schema_version": 0,
          "attributes": {
            "allow_merge_commit": true,
            "allow_rebase_merge": false,
            "allow_squash_merge": false,
            "archived": false,
            "auto_init": null,
            "default_branch": "master",
            "description": "A repository for analysis of GOV.UK Verify data.",
            "etag": "W/\"033e3bc2e8db66624c445978c3c6a93f\"",
            "full_name": "alphagov/verify-datascience-sandbox",
            "git_clone_url": "git://github.com/alphagov/verify-datascience-sandbox.git",
            "gitignore_template": null,
            "has_downloads": false,
            "has_issues": true,
            "has_projects": false,
            "has_wiki": true,
            "homepage_url": "",
            "html_url": "https://github.com/alphagov/verify-datascience-sandbox",
            "http_clone_url": "https://github.com/alphagov/verify-datascience-sandbox.git",
            "id": "verify-datascience-sandbox",
            "license_template": null,
            "name": "verify-datascience-sandbox",
            "private": true,
            "ssh_clone_url": "git@github.com:alphagov/verify-datascience-sandbox.git",
            "svn_url": "https://github.com/alphagov/verify-datascience-sandbox",
            "topics": []
          }
        }
      ]
    },
    {
      "module": "module.repo_verify_jenkins_job_builder",
      "mode": "managed",
      "type": "github_repository",
      "name": "repo",
      "provider": "provider.github",
      "instances": [
        {
          "schema_version": 0,
          "attributes": {
            "allow_merge_commit": true,
            "allow_rebase_merge": false,
            "allow_squash_merge": false,
            "archived": false,
            "auto_init": true,
            "default_branch": "master",
            "description": "Verify Jenkins Job Builder configuration",
            "etag": "W/\"0a3ed134465e9ba8ae2e58564ee21c65\"",
            "full_name": "alphagov/verify-jenkins-job-builder",
            "git_clone_url": "git://github.com/alphagov/verify-jenkins-job-builder.git",
            "gitignore_template": null,
            "has_downloads": false,
            "has_issues": true,
            "has_projects": false,
            "has_wiki": true,
            "homepage_url": "",
            "html_url": "https://github.com/alphagov/verify-jenkins-job-builder",
            "http_clone_url": "https://github.com/alphagov/verify-jenkins-job-builder.git",
            "id": "verify-jenkins-job-builder",
            "license_template": null,
            "name": "verify-jenkins-job-builder",
            "private": true,
            "ssh_clone_url": "git@github.com:alphagov/verify-jenkins-job-builder.git",
            "svn_url": "https://github.com/alphagov/verify-jenkins-job-builder",
            "topics": [
              "verify"
            ]
          }
        }
      ]
    },
    {
      "module": "module.repo_verify_matching_service_adapter",
      "mode": "managed",
      "type": "github_repository",
      "name": "repo",
      "provider": "provider.github",
      "instances": [
        {
          "schema_version": 0,
          "attributes": {
            "allow_merge_commit": true,
            "allow_rebase_merge": false,
            "allow_squash_merge": false,
            "archived": false,
            "auto_init": true,
            "default_branch": "master",
            "description": "Verify Matching Service Adapter",
            "etag": "W/\"2da083c8964e8faa04dbf995e1a5cd1b\"",
            "full_name": "alphagov/verify-matching-service-adapter",
            "git_clone_url": "git://github.com/alphagov/verify-matching-service-adapter.git",
            "gitignore_template": null,
            "has_downloads": false,
            "has_issues": true,
            "has_projects": false,
            "has_wiki": true,
            "homepage_url": "",
            "html_url": "https://github.com/alphagov/verify-matching-service-adapter",
            "http_clone_url": "https://github.com/alphagov/verify-matching-service-adapter.git",
            "id": "verify-matching-service-adapter",
            "license_template": null,
            "name": "verify-matching-service-adapter",
            "private": false,
            "ssh_clone_url": "git@github.com:alphagov/verify-matching-service-adapter.git",
            "svn_url": "https://github.com/alphagov/verify-matching-service-adapter",
            "topics": [
              "verify"
            ]
          }
        }
      ]
    },
    {
      "module": "module.repo_verify_data_pipeline_config",
      "mode": "managed",
      "type": "github_repository",
      "name": "repo",
      "provider": "provider.github",
      "instances": [
        {
          "schema_version": 0,
          "attributes": {
            "allow_merge_commit": true,
            "allow_rebase_merge": false,
            "allow_squash_merge": false,
            "archived": false,
            "auto_init": true,
            "default_branch": "master",
            "description": "Holds configuration data to help verify data pipeline run in production",
            "etag": "W/\"03fb91d74529b51ce3ea26581ff6a105\"",
            "full_name": "alphagov/verify-data-pipeline-config",
            "git_clone_url": "git://github.com/alphagov/verify-data-pipeline-config.git",
            "gitignore_template": null,
            "has_downloads": false,
            "has_issues": true,
            "has_projects": false,
            "has_wiki": true,
            "homepage_url": "",
            "html_url": "https://github.com/alphagov/verify-data-pipeline-config",
            "http_clone_url": "https://github.com/alphagov/verify-data-pipeline-config.git",
            "id": "verify-data-pipeline-config",
            "license_template": null,
            "name": "verify-data-pipeline-config",
            "private": true,
            "ssh_clone_url": "git@github.com:alphagov/verify-data-pipeline-config.git",
            "svn_url": "https://github.com/alphagov/verify-data-pipeline-config",
            "topics": []
          }
        }
      ]
    },
    {
      "module": "module.repo_verify_acceptance_tests",
      "mode": "managed",
      "type": "github_repository",
      "name": "repo",
      "provider": "provider.github",
      "instances": [
        {
          "schema_version": 0,
          "attributes": {
            "allow_merge_commit": true,
            "allow_rebase_merge": false,
            "allow_squash_merge": false,
            "archived": false,
            "auto_init": true,
            "default_branch": "master",
            "description": "End-to-end tests for the Verify Hub",
            "etag": "W/\"e8582e3bad927566b8b6248f5f018409\"",
            "full_name": "alphagov/verify-acceptance-tests",
            "git_clone_url": "git://github.com/alphagov/verify-acceptance-tests.git",
            "gitignore_template": null,
            "has_downloads": false,
            "has_issues": true,
            "has_projects": false,
            "has_wiki": true,
            "homepage_url": "",
            "html_url": "https://github.com/alphagov/verify-acceptance-tests",
            "http_clone_url": "https://github.com/alphagov/verify-acceptance-tests.git",
            "id": "verify-acceptance-tests",
            "license_template": null,
            "name": "verify-acceptance-tests",
            "private": false,
            "ssh_clone_url": "git@github.com:alphagov/verify-acceptance-tests.git",
            "svn_url": "https://github.com/alphagov/verify-acceptance-tests",
            "topics": [
              "verify"
            ]
          }
        }
      ]
    },
    {
      "module": "module.repo_verify_stub_idp",
      "mode": "managed",
      "type": "github_repository",
      "name": "repo",
      "provider": "provider.github",
      "instances": [
        {
          "schema_version": 0,
          "attributes": {
            "allow_merge_commit": true,
            "allow_rebase_merge": false,
            "allow_squash_merge": false,
            "archived": false,
            "auto_init": true,
            "default_branch": "master",
            "description": "Stub Identity Provider and Stub eIDAS Proxy Service Node used for testing GOV.UK Verify",
            "etag": "W/\"9b142a315c10958a6c23b4e23198c833\"",
            "full_name": "alphagov/verify-stub-idp",
            "git_clone_url": "git://github.com/alphagov/verify-stub-idp.git",
            "gitignore_template": null,
            "has_downloads": false,
            "has_issues": true,
            "has_projects": false,
            "has_wiki": true,
            "homepage_url": "",
            "html_url": "https://github.com/alphagov/verify-stub-idp",
            "http_clone_url": "https://github.com/alphagov/verify-stub-idp.git",
            "id": "verify-stub-idp",
            "license_template": null,
            "name": "verify-stub-idp",
            "private": false,
            "ssh_clone_url": "git@github.com:alphagov/verify-stub-idp.git",
            "svn_url": "https://github.com/alphagov/verify-stub-idp",
            "topics": [
              "eidas",
              "idp",
              "stub",
              "verify"
            ]
          }
        }
      ]
    },
    {
      "module": "module.repo_verify_data_schemas",
      "mode": "managed",
      "type": "github_repository",
      "name": "repo",
      "provider": "provider.github",
      "instances": [
        {
          "schema_version": 0,
          "attributes": {
            "allow_merge_commit": true,
            "allow_rebase_merge": false,
            "allow_squash_merge": false,
            "archived": true,
            "auto_init": true,
            "default_branch": "master",
            "description": "YAML specifications for Verify data",
            "etag": "W/\"65175f15a43eb3a1de56c3270bbce8ea\"",
            "full_name": "alphagov/verify-data-schemas",
            "git_clone_url": "git://github.com/alphagov/verify-data-schemas.git",
            "gitignore_template": null,
            "has_downloads": false,
            "has_issues": true,
            "has_projects": false,
            "has_wiki": true,
            "homepage_url": "",
            "html_url": "https://github.com/alphagov/verify-data-schemas",
            "http_clone_url": "https://github.com/alphagov/verify-data-schemas.git",
            "id": "verify-data-schemas",
            "license_template": null,
            "name": "verify-data-schemas",
            "private": false,
            "ssh_clone_url": "git@github.com:alphagov/verify-data-schemas.git",
            "svn_url": "https://github.com/alphagov/verify-data-schemas",
            "topics": [
              "verify"
            ]
          }
        }
      ]
    },
    {
      "module": "module.repo_ida_hub_acceptance_tests",
      "mode": "managed",
      "type": "github_repository",
      "name": "repo",
      "provider": "provider.github",
      "instances": [
        {
          "schema_version": 0,
          "attributes": {
            "allow_merge_commit": true,
            "allow_rebase_merge": false,
            "allow_squash_merge": false,
            "archived": false,
            "auto_init": true,
            "default_branch": "master",
            "description": "Verify Hub acceptance tests (temporary)",
            "etag": "W/\"e9d6a0b8c0641e2909e2e94b5222c14b\"",
            "full_name": "alphagov/ida-hub-acceptance-tests",
            "git_clone_url": "git://github.com/alphagov/ida-hub-acceptance-tests.git",
            "gitignore_template": null,
            "has_downloads": false,
            "has_issues": true,
            "has_projects": false,
            "has_wiki": true,
            "homepage_url": "",
            "html_url": "https://github.com/alphagov/ida-hub-acceptance-tests",
            "http_clone_url": "https://github.com/alphagov/ida-hub-acceptance-tests.git",
            "id": "ida-hub-acceptance-tests",
            "license_template": null,
            "name": "ida-hub-acceptance-tests",
            "private": true,
            "ssh_clone_url": "git@github.com:alphagov/ida-hub-acceptance-tests.git",
            "svn_url": "https://github.com/alphagov/ida-hub-acceptance-tests",
            "topics": [
              "verify"
            ]
          }
        }
      ]
    },
    {
      "module": "module.repo_dcs_client",
      "mode": "managed",
      "type": "github_repository",
      "name": "repo",
      "provider": "provider.github",
      "instances": [
        {
          "schema_version": 0,
          "attributes": {
            "allow_merge_commit": true,
            "allow_rebase_merge": false,
            "allow_squash_merge": false,
            "archived": false,
            "auto_init": true,
            "default_branch": "master",
            "description": "A client for the Document Checking Service",
            "etag": "W/\"d85b9ecfddccd1f59e274402d2633a70\"",
            "full_name": "alphagov/dcs-client",
            "git_clone_url": "git://github.com/alphagov/dcs-client.git",
            "gitignore_template": null,
            "has_downloads": false,
            "has_issues": true,
            "has_projects": false,
            "has_wiki": true,
            "homepage_url": "",
            "html_url": "https://github.com/alphagov/dcs-client",
            "http_clone_url": "https://github.com/alphagov/dcs-client.git",
            "id": "dcs-client",
            "license_template": null,
            "name": "dcs-client",
            "private": false,
            "ssh_clone_url": "git@github.com:alphagov/dcs-client.git",
            "svn_url": "https://github.com/alphagov/dcs-client",
            "topics": [
              "dcs",
              "verify"
            ]
          }
        }
      ]
    },
    {
      "module": "module.repo_verify_saml_libs",
      "mode": "managed",
      "type": "github_repository",
      "name": "repo",
      "provider": "provider.github",
      "instances": [
        {
          "schema_version": 0,
          "attributes": {
            "allow_merge_commit": true,
            "allow_rebase_merge": false,
            "allow_squash_merge": false,
            "archived": false,
            "auto_init": true,
            "default_branch": "master",
            "description": "Verify SAML Libraries 📚",
            "etag": "W/\"5ddfac450015813859bf83744b2c95e3\"",
            "full_name": "alphagov/verify-saml-libs",
            "git_clone_url": "git://github.com/alphagov/verify-saml-libs.git",
            "gitignore_template": null,
            "has_downloads": false,
            "has_issues": true,
            "has_projects": false,
            "has_wiki": true,
            "homepage_url": "",
            "html_url": "https://github.com/alphagov/verify-saml-libs",
            "http_clone_url": "https://github.com/alphagov/verify-saml-libs.git",
            "id": "verify-saml-libs",
            "license_template": null,
            "name": "verify-saml-libs",
            "private": false,
            "ssh_clone_url": "git@github.com:alphagov/verify-saml-libs.git",
            "svn_url": "https://github.com/alphagov/verify-saml-libs",
            "topics": [
              "saml",
              "verify"
            ]
          }
        }
      ]
    },
    {
      "module": "module.repo_verify_tech_team",
      "mode": "managed",
      "type": "github_repository",
      "name": "repo",
      "provider": "provider.github",
      "instances": [
        {
          "schema_version": 0,
          "attributes": {
            "allow_merge_commit": true,
            "allow_rebase_merge": false,
            "allow_squash_merge": false,
            "archived": false,
            "auto_init": true,
            "default_branch": "master",
            "description": "Data about Verify team members",
            "etag": "W/\"c1210c359cb27fed7fde2d2e702021d4\"",
            "full_name": "alphagov/verify-tech-team",
            "git_clone_url": "git://github.com/alphagov/verify-tech-team.git",
            "gitignore_template": null,
            "has_downloads": false,
            "has_issues": true,
            "has_projects": false,
            "has_wiki": true,
            "homepage_url": "",
            "html_url": "https://github.com/alphagov/verify-tech-team",
            "http_clone_url": "https://github.com/alphagov/verify-tech-team.git",
            "id": "verify-tech-team",
            "license_template": null,
            "name": "verify-tech-team",
            "private": true,
            "ssh_clone_url": "git@github.com:alphagov/verify-tech-team.git",
            "svn_url": "https://github.com/alphagov/verify-tech-team",
            "topics": [
              "verify"
            ]
          }
        }
      ]
    },
    {
      "module": "module.repo_verify_proxy_node",
      "mode": "managed",
      "type": "github_repository",
      "name": "repo",
      "provider": "provider.github",
      "instances": [
        {
          "schema_version": 0,
          "attributes": {
            "allow_merge_commit": true,
            "allow_rebase_merge": false,
            "allow_squash_merge": false,
            "archived": false,
            "auto_init": true,
            "default_branch": "master",
            "description": "eIDAS Proxy Node",
            "etag": "W/\"6ffb369b35c4e9610e8ba0c6685b5463\"",
            "full_name": "alphagov/verify-proxy-node",
            "git_clone_url": "git://github.com/alphagov/verify-proxy-node.git",
            "gitignore_template": null,
            "has_downloads": false,
            "has_issues": true,
            "has_projects": false,
            "has_wiki": true,
            "homepage_url": "",
            "html_url": "https://github.com/alphagov/verify-proxy-node",
            "http_clone_url": "https://github.com/alphagov/verify-proxy-node.git",
            "id": "verify-proxy-node",
            "license_template": null,
            "name": "verify-proxy-node",
            "private": false,
            "ssh_clone_url": "git@github.com:alphagov/verify-proxy-node.git",
            "svn_url": "https://github.com/alphagov/verify-proxy-node",
            "topics": []
          }
        }
      ]
    },
    {
      "module": "module.repo_verify_event_infrastructure",
      "mode": "managed",
      "type": "github_repository",
      "name": "repo",
      "provider": "provider.github",
      "instances": [
        {
          "schema_version": 0,
          "attributes": {
            "allow_merge_commit": true,
            "allow_rebase_merge": false,
            "allow_squash_merge": false,
            "archived": false,
            "auto_init": true,
            "default_branch": "master",
            "description": "Infrastructure used to process Audit \u0026 Billing events for Verify",
            "etag": "W/\"69ab0fa032b0bfa8f98f22b3b295e1ad\"",
            "full_name": "alphagov/verify-event-infrastructure",
            "git_clone_url": "git://github.com/alphagov/verify-event-infrastructure.git",
            "gitignore_template": null,
            "has_downloads": false,
            "has_issues": true,
            "has_projects": false,
            "has_wiki": true,
            "homepage_url": "",
            "html_url": "https://github.com/alphagov/verify-event-infrastructure",
            "http_clone_url": "https://github.com/alphagov/verify-event-infrastructure.git",
            "id": "verify-event-infrastructure",
            "license_template": null,
            "name": "verify-event-infrastructure",
            "private": true,
            "ssh_clone_url": "git@github.com:alphagov/verify-event-infrastructure.git",
            "svn_url": "https://github.com/alphagov/verify-event-infrastructure",
            "topics": [
              "infrastructure",
              "lambda",
              "rds",
              "sqs",
              "terraform",
              "verify"
            ]
          }
        }
      ]
    },
    {
      "module": "module.repo_verify_eidas_trust_anchor",
      "mode": "managed",
      "type": "github_repository_collaborator",
      "name": "repo_collaborator_admin",
      "each": "list",
      "provider": "provider.github",
      "instances": []
    },
    {
      "module": "module.repo_verify_local_matching_service_example",
      "mode": "managed",
      "type": "github_repository_collaborator",
      "name": "repo_collaborator_admin",
      "each": "list",
      "provider": "provider.github",
      "instances": []
    },
    {
      "module": "module.repo_verify_release_notes_generator",
      "mode": "managed",
      "type": "github_repository_collaborator",
      "name": "repo_collaborator_admin",
      "each": "list",
      "provider": "provider.github",
      "instances": []
    },
    {
      "module": "module.repo_verify_performance",
      "mode": "managed",
      "type": "github_repository_collaborator",
      "name": "repo_collaborator_admin",
      "each": "list",
      "provider": "provider.github",
      "instances": []
    },
    {
      "module": "module.repo_verify_team_manual",
      "mode": "managed",
      "type": "github_repository_collaborator",
      "name": "repo_collaborator_admin",
      "each": "list",
      "provider": "provider.github",
      "instances": []
    },
    {
      "module": "module.repo_verify_hub",
      "mode": "managed",
      "type": "github_repository_collaborator",
      "name": "repo_collaborator_admin",
      "each": "list",
      "provider": "provider.github",
      "instances": []
    },
    {
      "module": "module.repo_verify_self_service",
      "mode": "managed",
      "type": "github_repository_collaborator",
      "name": "repo_collaborator_admin",
      "each": "list",
      "provider": "provider.github",
      "instances": []
    },
    {
      "module": "module.repo_verify_rp_environment_config_form",
      "mode": "managed",
      "type": "github_repository_collaborator",
      "name": "repo_collaborator_admin",
      "each": "list",
      "provider": "provider.github",
      "instances": []
    },
    {
      "module": "module.repo_verify_data_pipeline",
      "mode": "managed",
      "type": "github_repository_collaborator",
      "name": "repo_collaborator_admin",
      "each": "list",
      "provider": "provider.github",
      "instances": []
    },
    {
      "module": "module.repo_verify_puppet",
      "mode": "managed",
      "type": "github_repository_collaborator",
      "name": "repo_collaborator_admin",
      "each": "list",
      "provider": "provider.github",
      "instances": []
    },
    {
      "module": "module.repo_verify_event_system_alarm_notifier",
      "mode": "managed",
      "type": "github_repository_collaborator",
      "name": "repo_collaborator_admin",
      "each": "list",
      "provider": "provider.github",
      "instances": []
    },
    {
      "module": "module.repo_verify_matomo_utils",
      "mode": "managed",
      "type": "github_repository_collaborator",
      "name": "repo_collaborator_admin",
      "each": "list",
      "provider": "provider.github",
      "instances": []
    },
    {
      "module": "module.repo_verify_token_service",
      "mode": "managed",
      "type": "github_repository_collaborator",
      "name": "repo_collaborator_admin",
      "each": "list",
      "provider": "provider.github",
      "instances": []
    },
    {
      "module": "module.repo_ida_hub_support",
      "mode": "managed",
      "type": "github_repository_collaborator",
      "name": "repo_collaborator_admin",
      "each": "list",
      "provider": "provider.github",
      "instances": []
    },
    {
      "module": "module.repo_verify_frontend",
      "mode": "managed",
      "type": "github_repository_collaborator",
      "name": "repo_collaborator_admin",
      "each": "list",
      "provider": "provider.github",
      "instances": []
    },
    {
      "module": "module.repo_verify_product_page",
      "mode": "managed",
      "type": "github_repository_collaborator",
      "name": "repo_collaborator_admin",
      "each": "list",
      "provider": "provider.github",
      "instances": []
    },
    {
      "module": "module.repo_verify_packages",
      "mode": "managed",
      "type": "github_repository_collaborator",
      "name": "repo_collaborator_admin",
      "each": "list",
      "provider": "provider.github",
      "instances": []
    },
    {
      "module": "module.repo_verify_german_eidas_middleware",
      "mode": "managed",
      "type": "github_repository_collaborator",
      "name": "repo_collaborator_admin",
      "each": "list",
      "provider": "provider.github",
      "instances": []
    },
    {
      "module": "module.repo_verify_performance_scripts",
      "mode": "managed",
      "type": "github_repository_collaborator",
      "name": "repo_collaborator_admin",
      "each": "list",
      "provider": "provider.github",
      "instances": []
    },
    {
      "module": "module.repo_verify_boxes",
      "mode": "managed",
      "type": "github_repository_collaborator",
      "name": "repo_collaborator_admin",
      "each": "list",
      "provider": "provider.github",
      "instances": []
    },
    {
      "module": "module.repo_verify_release_automation",
      "mode": "managed",
      "type": "github_repository_collaborator",
      "name": "repo_collaborator_admin",
      "each": "list",
      "provider": "provider.github",
      "instances": []
    },
    {
      "module": "module.repo_verify_ansible",
      "mode": "managed",
      "type": "github_repository_collaborator",
      "name": "repo_collaborator_admin",
      "each": "list",
      "provider": "provider.github",
      "instances": []
    },
    {
      "module": "module.repo_verify_local_startup",
      "mode": "managed",
      "type": "github_repository_collaborator",
      "name": "repo_collaborator_admin",
      "each": "list",
      "provider": "provider.github",
      "instances": []
    },
    {
      "module": "module.repo_dcs_client_acceptance_tests",
      "mode": "managed",
      "type": "github_repository_collaborator",
      "name": "repo_collaborator_admin",
      "each": "list",
      "provider": "provider.github",
      "instances": []
    },
    {
      "module": "module.repo_verify_test_rp",
      "mode": "managed",
      "type": "github_repository_collaborator",
      "name": "repo_collaborator_admin",
      "each": "list",
      "provider": "provider.github",
      "instances": []
    },
    {
      "module": "module.repo_dropwizard_logstash",
      "mode": "managed",
      "type": "github_repository_collaborator",
      "name": "repo_collaborator_admin",
      "each": "list",
      "provider": "provider.github",
      "instances": []
    },
    {
      "module": "module.repo_verify_infrastructure",
      "mode": "managed",
      "type": "github_repository_collaborator",
      "name": "repo_collaborator_admin",
      "each": "list",
      "provider": "provider.github",
      "instances": []
    },
    {
      "module": "module.repo_verify_event_emitter",
      "mode": "managed",
      "type": "github_repository_collaborator",
      "name": "repo_collaborator_admin",
      "each": "list",
      "provider": "provider.github",
      "instances": []
    },
    {
      "module": "module.repo_ida_compliance_tool",
      "mode": "managed",
      "type": "github_repository_collaborator",
      "name": "repo_collaborator_admin",
      "each": "list",
      "provider": "provider.github",
      "instances": []
    },
    {
      "module": "module.repo_verify_idp_pid_hasherator",
      "mode": "managed",
      "type": "github_repository_collaborator",
      "name": "repo_collaborator_admin",
      "each": "list",
      "provider": "provider.github",
      "instances": []
    },
    {
      "module": "module.repo_ida_performance_tests",
      "mode": "managed",
      "type": "github_repository_collaborator",
      "name": "repo_collaborator_admin",
      "each": "list",
      "provider": "provider.github",
      "instances": []
    },
    {
      "module": "module.repo_verify_gradle",
      "mode": "managed",
      "type": "github_repository_collaborator",
      "name": "repo_collaborator_admin",
      "each": "list",
      "provider": "provider.github",
      "instances": []
    },
    {
      "module": "module.repo_verify_il3_laptop_bootstrap",
      "mode": "managed",
      "type": "github_repository_collaborator",
      "name": "repo_collaborator_admin",
      "each": "list",
      "provider": "provider.github",
      "instances": []
    },
    {
      "module": "module.repo_dcs_performance_tests",
      "mode": "managed",
      "type": "github_repository_collaborator",
      "name": "repo_collaborator_admin",
      "each": "list",
      "provider": "provider.github",
      "instances": []
    },
    {
      "module": "module.repo_doc_checking",
      "mode": "managed",
      "type": "github_repository_collaborator",
      "name": "repo_collaborator_admin",
      "each": "list",
      "provider": "provider.github",
      "instances": []
    },
    {
      "module": "module.repo_verify_build_scripts",
      "mode": "managed",
      "type": "github_repository_collaborator",
      "name": "repo_collaborator_admin",
      "each": "list",
      "provider": "provider.github",
      "instances": []
    },
    {
      "module": "module.repo_verify_event_emitter_loader",
      "mode": "managed",
      "type": "github_repository_collaborator",
      "name": "repo_collaborator_admin",
      "each": "list",
      "provider": "provider.github",
      "instances": []
    },
    {
      "module": "module.repo_verify_eidas_mw_run",
      "mode": "managed",
      "type": "github_repository_collaborator",
      "name": "repo_collaborator_admin",
      "each": "list",
      "provider": "provider.github",
      "instances": []
    },
    {
      "module": "module.repo_verify_event_system_database_scripts",
      "mode": "managed",
      "type": "github_repository_collaborator",
      "name": "repo_collaborator_admin",
      "each": "list",
      "provider": "provider.github",
      "instances": []
    },
    {
      "module": "module.repo_verify_eidas_metadata_aggregator",
      "mode": "managed",
      "type": "github_repository_collaborator",
      "name": "repo_collaborator_admin",
      "each": "list",
      "provider": "provider.github",
      "instances": []
    },
    {
      "module": "module.repo_verify_idp_predictor",
      "mode": "managed",
      "type": "github_repository_collaborator",
      "name": "repo_collaborator_admin",
      "each": "list",
      "provider": "provider.github",
      "instances": []
    },
    {
      "module": "module.repo_verify_release_logs",
      "mode": "managed",
      "type": "github_repository_collaborator",
      "name": "repo_collaborator_admin",
      "each": "list",
      "provider": "provider.github",
      "instances": []
    },
    {
      "module": "module.repo_verify_architecture",
      "mode": "managed",
      "type": "github_repository_collaborator",
      "name": "repo_collaborator_admin",
      "each": "list",
      "provider": "provider.github",
      "instances": []
    },
    {
      "module": "module.repo_verify_self_service_infrastructure",
      "mode": "managed",
      "type": "github_repository_collaborator",
      "name": "repo_collaborator_admin",
      "each": "list",
      "provider": "provider.github",
      "instances": []
    },
    {
      "module": "module.repo_verify_blackbox_passwords",
      "mode": "managed",
      "type": "github_repository_collaborator",
      "name": "repo_collaborator_admin",
      "each": "list",
      "provider": "provider.github",
      "instances": []
    },
    {
      "module": "module.repo_verify_hub_federation_config",
      "mode": "managed",
      "type": "github_repository_collaborator",
      "name": "repo_collaborator_admin",
      "each": "list",
      "provider": "provider.github",
      "instances": []
    },
    {
      "module": "module.repo_verify_test_repo",
      "mode": "managed",
      "type": "github_repository_collaborator",
      "name": "repo_collaborator_admin",
      "each": "list",
      "provider": "provider.github",
      "instances": []
    },
    {
      "module": "module.repo_verify_proxy_node_infra",
      "mode": "managed",
      "type": "github_repository_collaborator",
      "name": "repo_collaborator_admin",
      "each": "list",
      "provider": "provider.github",
      "instances": []
    },
    {
      "module": "module.repo_metadata_checker",
      "mode": "managed",
      "type": "github_repository_collaborator",
      "name": "repo_collaborator_admin",
      "each": "list",
      "provider": "provider.github",
      "instances": []
    },
    {
      "module": "module.repo_verify_terraform",
      "mode": "managed",
      "type": "github_repository_collaborator",
      "name": "repo_collaborator_admin",
      "each": "list",
      "provider": "provider.github",
      "instances": []
    },
    {
      "module": "module.repo_splunk_library_javalogging",
      "mode": "managed",
      "type": "github_repository_collaborator",
      "name": "repo_collaborator_admin",
      "each": "list",
      "provider": "provider.github",
      "instances": []
    },
    {
      "module": "module.repo_verify_support_form",
      "mode": "managed",
      "type": "github_repository_collaborator",
      "name": "repo_collaborator_admin",
      "each": "list",
      "provider": "provider.github",
      "instances": []
    },
    {
      "module": "module.repo_verify_eidas_mw_config_generator",
      "mode": "managed",
      "type": "github_repository_collaborator",
      "name": "repo_collaborator_admin",
      "each": "list",
      "provider": "provider.github",
      "instances": []
    },
    {
      "module": "module.repo_verify_infrastructure_config",
      "mode": "managed",
      "type": "github_repository_collaborator",
      "name": "repo_collaborator_admin",
      "each": "list",
      "provider": "provider.github",
      "instances": []
    },
    {
      "module": "module.repo_verify_stub_idp_federation_config",
      "mode": "managed",
      "type": "github_repository_collaborator",
      "name": "repo_collaborator_admin",
      "each": "list",
      "provider": "provider.github",
      "instances": []
    },
    {
      "module": "module.repo_verify_fabric",
      "mode": "managed",
      "type": "github_repository_collaborator",
      "name": "repo_collaborator_admin",
      "each": "list",
      "provider": "provider.github",
      "instances": []
    },
    {
      "module": "module.repo_verify_service_provider",
      "mode": "managed",
      "type": "github_repository_collaborator",
      "name": "repo_collaborator_admin",
      "each": "list",
      "provider": "provider.github",
      "instances": []
    },
    {
      "module": "module.repo_verify_dashing",
      "mode": "managed",
      "type": "github_repository_collaborator",
      "name": "repo_collaborator_admin",
      "each": "list",
      "provider": "provider.github",
      "instances": []
    },
    {
      "module": "module.repo_passport_verify_stub_relying_party",
      "mode": "managed",
      "type": "github_repository_collaborator",
      "name": "repo_collaborator_admin",
      "each": "list",
      "provider": "provider.github",
      "instances": []
    },
    {
      "module": "module.repo_verify_frontend_federation_config",
      "mode": "managed",
      "type": "github_repository_collaborator",
      "name": "repo_collaborator_admin",
      "each": "list",
      "provider": "provider.github",
      "instances": []
    },
    {
      "module": "module.repo_verify_event_recorder_service",
      "mode": "managed",
      "type": "github_repository_collaborator",
      "name": "repo_collaborator_admin",
      "each": "list",
      "provider": "provider.github",
      "instances": []
    },
    {
      "module": "module.repo_passport_verify",
      "mode": "managed",
      "type": "github_repository_collaborator",
      "name": "repo_collaborator_admin",
      "each": "list",
      "provider": "provider.github",
      "instances": []
    },
    {
      "module": "module.repo_verify_utils_libs",
      "mode": "managed",
      "type": "github_repository_collaborator",
      "name": "repo_collaborator_admin",
      "each": "list",
      "provider": "provider.github",
      "instances": []
    },
    {
      "module": "module.repo_verify_metadata",
      "mode": "managed",
      "type": "github_repository_collaborator",
      "name": "repo_collaborator_admin",
      "each": "list",
      "provider": "provider.github",
      "instances": []
    },
    {
      "module": "module.repo_verify_datascience_sandbox",
      "mode": "managed",
      "type": "github_repository_collaborator",
      "name": "repo_collaborator_admin",
      "each": "list",
      "provider": "provider.github",
      "instances": []
    },
    {
      "module": "module.repo_verify_jenkins_job_builder",
      "mode": "managed",
      "type": "github_repository_collaborator",
      "name": "repo_collaborator_admin",
      "each": "list",
      "provider": "provider.github",
      "instances": []
    },
    {
      "module": "module.repo_verify_matching_service_adapter",
      "mode": "managed",
      "type": "github_repository_collaborator",
      "name": "repo_collaborator_admin",
      "each": "list",
      "provider": "provider.github",
      "instances": []
    },
    {
      "module": "module.repo_verify_data_pipeline_config",
      "mode": "managed",
      "type": "github_repository_collaborator",
      "name": "repo_collaborator_admin",
      "each": "list",
      "provider": "provider.github",
      "instances": []
    },
    {
      "module": "module.repo_verify_acceptance_tests",
      "mode": "managed",
      "type": "github_repository_collaborator",
      "name": "repo_collaborator_admin",
      "each": "list",
      "provider": "provider.github",
      "instances": []
    },
    {
      "module": "module.repo_verify_stub_idp",
      "mode": "managed",
      "type": "github_repository_collaborator",
      "name": "repo_collaborator_admin",
      "each": "list",
      "provider": "provider.github",
      "instances": []
    },
    {
      "module": "module.repo_verify_data_schemas",
      "mode": "managed",
      "type": "github_repository_collaborator",
      "name": "repo_collaborator_admin",
      "each": "list",
      "provider": "provider.github",
      "instances": []
    },
    {
      "module": "module.repo_ida_hub_acceptance_tests",
      "mode": "managed",
      "type": "github_repository_collaborator",
      "name": "repo_collaborator_admin",
      "each": "list",
      "provider": "provider.github",
      "instances": []
    },
    {
      "module": "module.repo_dcs_client",
      "mode": "managed",
      "type": "github_repository_collaborator",
      "name": "repo_collaborator_admin",
      "each": "list",
      "provider": "provider.github",
      "instances": []
    },
    {
      "module": "module.repo_verify_saml_libs",
      "mode": "managed",
      "type": "github_repository_collaborator",
      "name": "repo_collaborator_admin",
      "each": "list",
      "provider": "provider.github",
      "instances": []
    },
    {
      "module": "module.repo_verify_tech_team",
      "mode": "managed",
      "type": "github_repository_collaborator",
      "name": "repo_collaborator_admin",
      "each": "list",
      "provider": "provider.github",
      "instances": []
    },
    {
      "module": "module.repo_verify_proxy_node",
      "mode": "managed",
      "type": "github_repository_collaborator",
      "name": "repo_collaborator_admin",
      "each": "list",
      "provider": "provider.github",
      "instances": []
    },
    {
      "module": "module.repo_verify_event_infrastructure",
      "mode": "managed",
      "type": "github_repository_collaborator",
      "name": "repo_collaborator_admin",
      "each": "list",
      "provider": "provider.github",
      "instances": [
        {
          "index_key": 0,
          "schema_version": 0,
          "attributes": {
            "id": "verify-event-infrastructure:ida-build-bot",
            "invitation_id": null,
            "permission": "admin",
            "repository": "verify-event-infrastructure",
            "username": "ida-build-bot"
          },
          "depends_on": [
            "github_repository.repo"
          ]
        }
      ]
    },
    {
      "module": "module.repo_verify_eidas_trust_anchor",
      "mode": "managed",
      "type": "github_repository_collaborator",
      "name": "repo_collaborator_pull",
      "each": "list",
      "provider": "provider.github",
      "instances": []
    },
    {
      "module": "module.repo_verify_local_matching_service_example",
      "mode": "managed",
      "type": "github_repository_collaborator",
      "name": "repo_collaborator_pull",
      "each": "list",
      "provider": "provider.github",
      "instances": []
    },
    {
      "module": "module.repo_verify_release_notes_generator",
      "mode": "managed",
      "type": "github_repository_collaborator",
      "name": "repo_collaborator_pull",
      "each": "list",
      "provider": "provider.github",
      "instances": []
    },
    {
      "module": "module.repo_verify_performance",
      "mode": "managed",
      "type": "github_repository_collaborator",
      "name": "repo_collaborator_pull",
      "each": "list",
      "provider": "provider.github",
      "instances": []
    },
    {
      "module": "module.repo_verify_team_manual",
      "mode": "managed",
      "type": "github_repository_collaborator",
      "name": "repo_collaborator_pull",
      "each": "list",
      "provider": "provider.github",
      "instances": []
    },
    {
      "module": "module.repo_verify_hub",
      "mode": "managed",
      "type": "github_repository_collaborator",
      "name": "repo_collaborator_pull",
      "each": "list",
      "provider": "provider.github",
      "instances": []
    },
    {
      "module": "module.repo_verify_self_service",
      "mode": "managed",
      "type": "github_repository_collaborator",
      "name": "repo_collaborator_pull",
      "each": "list",
      "provider": "provider.github",
      "instances": []
    },
    {
      "module": "module.repo_verify_rp_environment_config_form",
      "mode": "managed",
      "type": "github_repository_collaborator",
      "name": "repo_collaborator_pull",
      "each": "list",
      "provider": "provider.github",
      "instances": []
    },
    {
      "module": "module.repo_verify_data_pipeline",
      "mode": "managed",
      "type": "github_repository_collaborator",
      "name": "repo_collaborator_pull",
      "each": "list",
      "provider": "provider.github",
      "instances": []
    },
    {
      "module": "module.repo_verify_puppet",
      "mode": "managed",
      "type": "github_repository_collaborator",
      "name": "repo_collaborator_pull",
      "each": "list",
      "provider": "provider.github",
      "instances": []
    },
    {
      "module": "module.repo_verify_event_system_alarm_notifier",
      "mode": "managed",
      "type": "github_repository_collaborator",
      "name": "repo_collaborator_pull",
      "each": "list",
      "provider": "provider.github",
      "instances": []
    },
    {
      "module": "module.repo_verify_matomo_utils",
      "mode": "managed",
      "type": "github_repository_collaborator",
      "name": "repo_collaborator_pull",
      "each": "list",
      "provider": "provider.github",
      "instances": []
    },
    {
      "module": "module.repo_verify_token_service",
      "mode": "managed",
      "type": "github_repository_collaborator",
      "name": "repo_collaborator_pull",
      "each": "list",
      "provider": "provider.github",
      "instances": []
    },
    {
      "module": "module.repo_ida_hub_support",
      "mode": "managed",
      "type": "github_repository_collaborator",
      "name": "repo_collaborator_pull",
      "each": "list",
      "provider": "provider.github",
      "instances": []
    },
    {
      "module": "module.repo_verify_frontend",
      "mode": "managed",
      "type": "github_repository_collaborator",
      "name": "repo_collaborator_pull",
      "each": "list",
      "provider": "provider.github",
      "instances": []
    },
    {
      "module": "module.repo_verify_product_page",
      "mode": "managed",
      "type": "github_repository_collaborator",
      "name": "repo_collaborator_pull",
      "each": "list",
      "provider": "provider.github",
      "instances": []
    },
    {
      "module": "module.repo_verify_packages",
      "mode": "managed",
      "type": "github_repository_collaborator",
      "name": "repo_collaborator_pull",
      "each": "list",
      "provider": "provider.github",
      "instances": []
    },
    {
      "module": "module.repo_verify_german_eidas_middleware",
      "mode": "managed",
      "type": "github_repository_collaborator",
      "name": "repo_collaborator_pull",
      "each": "list",
      "provider": "provider.github",
      "instances": []
    },
    {
      "module": "module.repo_verify_performance_scripts",
      "mode": "managed",
      "type": "github_repository_collaborator",
      "name": "repo_collaborator_pull",
      "each": "list",
      "provider": "provider.github",
      "instances": []
    },
    {
      "module": "module.repo_verify_boxes",
      "mode": "managed",
      "type": "github_repository_collaborator",
      "name": "repo_collaborator_pull",
      "each": "list",
      "provider": "provider.github",
      "instances": []
    },
    {
      "module": "module.repo_verify_release_automation",
      "mode": "managed",
      "type": "github_repository_collaborator",
      "name": "repo_collaborator_pull",
      "each": "list",
      "provider": "provider.github",
      "instances": []
    },
    {
      "module": "module.repo_verify_ansible",
      "mode": "managed",
      "type": "github_repository_collaborator",
      "name": "repo_collaborator_pull",
      "each": "list",
      "provider": "provider.github",
      "instances": []
    },
    {
      "module": "module.repo_verify_local_startup",
      "mode": "managed",
      "type": "github_repository_collaborator",
      "name": "repo_collaborator_pull",
      "each": "list",
      "provider": "provider.github",
      "instances": []
    },
    {
      "module": "module.repo_dcs_client_acceptance_tests",
      "mode": "managed",
      "type": "github_repository_collaborator",
      "name": "repo_collaborator_pull",
      "each": "list",
      "provider": "provider.github",
      "instances": []
    },
    {
      "module": "module.repo_verify_test_rp",
      "mode": "managed",
      "type": "github_repository_collaborator",
      "name": "repo_collaborator_pull",
      "each": "list",
      "provider": "provider.github",
      "instances": []
    },
    {
      "module": "module.repo_dropwizard_logstash",
      "mode": "managed",
      "type": "github_repository_collaborator",
      "name": "repo_collaborator_pull",
      "each": "list",
      "provider": "provider.github",
      "instances": []
    },
    {
      "module": "module.repo_verify_infrastructure",
      "mode": "managed",
      "type": "github_repository_collaborator",
      "name": "repo_collaborator_pull",
      "each": "list",
      "provider": "provider.github",
      "instances": []
    },
    {
      "module": "module.repo_verify_event_emitter",
      "mode": "managed",
      "type": "github_repository_collaborator",
      "name": "repo_collaborator_pull",
      "each": "list",
      "provider": "provider.github",
      "instances": []
    },
    {
      "module": "module.repo_ida_compliance_tool",
      "mode": "managed",
      "type": "github_repository_collaborator",
      "name": "repo_collaborator_pull",
      "each": "list",
      "provider": "provider.github",
      "instances": []
    },
    {
      "module": "module.repo_verify_idp_pid_hasherator",
      "mode": "managed",
      "type": "github_repository_collaborator",
      "name": "repo_collaborator_pull",
      "each": "list",
      "provider": "provider.github",
      "instances": []
    },
    {
      "module": "module.repo_ida_performance_tests",
      "mode": "managed",
      "type": "github_repository_collaborator",
      "name": "repo_collaborator_pull",
      "each": "list",
      "provider": "provider.github",
      "instances": []
    },
    {
      "module": "module.repo_verify_gradle",
      "mode": "managed",
      "type": "github_repository_collaborator",
      "name": "repo_collaborator_pull",
      "each": "list",
      "provider": "provider.github",
      "instances": []
    },
    {
      "module": "module.repo_verify_il3_laptop_bootstrap",
      "mode": "managed",
      "type": "github_repository_collaborator",
      "name": "repo_collaborator_pull",
      "each": "list",
      "provider": "provider.github",
      "instances": []
    },
    {
      "module": "module.repo_dcs_performance_tests",
      "mode": "managed",
      "type": "github_repository_collaborator",
      "name": "repo_collaborator_pull",
      "each": "list",
      "provider": "provider.github",
      "instances": []
    },
    {
      "module": "module.repo_doc_checking",
      "mode": "managed",
      "type": "github_repository_collaborator",
      "name": "repo_collaborator_pull",
      "each": "list",
      "provider": "provider.github",
      "instances": []
    },
    {
      "module": "module.repo_verify_build_scripts",
      "mode": "managed",
      "type": "github_repository_collaborator",
      "name": "repo_collaborator_pull",
      "each": "list",
      "provider": "provider.github",
      "instances": []
    },
    {
      "module": "module.repo_verify_event_emitter_loader",
      "mode": "managed",
      "type": "github_repository_collaborator",
      "name": "repo_collaborator_pull",
      "each": "list",
      "provider": "provider.github",
      "instances": []
    },
    {
      "module": "module.repo_verify_eidas_mw_run",
      "mode": "managed",
      "type": "github_repository_collaborator",
      "name": "repo_collaborator_pull",
      "each": "list",
      "provider": "provider.github",
      "instances": []
    },
    {
      "module": "module.repo_verify_event_system_database_scripts",
      "mode": "managed",
      "type": "github_repository_collaborator",
      "name": "repo_collaborator_pull",
      "each": "list",
      "provider": "provider.github",
      "instances": [
        {
          "index_key": 0,
          "schema_version": 0,
          "attributes": {
            "id": "verify-event-system-database-scripts:verify-cd-read-only",
            "invitation_id": null,
            "permission": "pull",
            "repository": "verify-event-system-database-scripts",
            "username": "verify-cd-read-only"
          },
          "depends_on": [
            "github_repository.repo"
          ]
        }
      ]
    },
    {
      "module": "module.repo_verify_eidas_metadata_aggregator",
      "mode": "managed",
      "type": "github_repository_collaborator",
      "name": "repo_collaborator_pull",
      "each": "list",
      "provider": "provider.github",
      "instances": []
    },
    {
      "module": "module.repo_verify_idp_predictor",
      "mode": "managed",
      "type": "github_repository_collaborator",
      "name": "repo_collaborator_pull",
      "each": "list",
      "provider": "provider.github",
      "instances": []
    },
    {
      "module": "module.repo_verify_release_logs",
      "mode": "managed",
      "type": "github_repository_collaborator",
      "name": "repo_collaborator_pull",
      "each": "list",
      "provider": "provider.github",
      "instances": []
    },
    {
      "module": "module.repo_verify_architecture",
      "mode": "managed",
      "type": "github_repository_collaborator",
      "name": "repo_collaborator_pull",
      "each": "list",
      "provider": "provider.github",
      "instances": []
    },
    {
      "module": "module.repo_verify_self_service_infrastructure",
      "mode": "managed",
      "type": "github_repository_collaborator",
      "name": "repo_collaborator_pull",
      "each": "list",
      "provider": "provider.github",
      "instances": []
    },
    {
      "module": "module.repo_verify_blackbox_passwords",
      "mode": "managed",
      "type": "github_repository_collaborator",
      "name": "repo_collaborator_pull",
      "each": "list",
      "provider": "provider.github",
      "instances": []
    },
    {
      "module": "module.repo_verify_hub_federation_config",
      "mode": "managed",
      "type": "github_repository_collaborator",
      "name": "repo_collaborator_pull",
      "each": "list",
      "provider": "provider.github",
      "instances": []
    },
    {
      "module": "module.repo_verify_test_repo",
      "mode": "managed",
      "type": "github_repository_collaborator",
      "name": "repo_collaborator_pull",
      "each": "list",
      "provider": "provider.github",
      "instances": []
    },
    {
      "module": "module.repo_verify_proxy_node_infra",
      "mode": "managed",
      "type": "github_repository_collaborator",
      "name": "repo_collaborator_pull",
      "each": "list",
      "provider": "provider.github",
      "instances": []
    },
    {
      "module": "module.repo_metadata_checker",
      "mode": "managed",
      "type": "github_repository_collaborator",
      "name": "repo_collaborator_pull",
      "each": "list",
      "provider": "provider.github",
      "instances": []
    },
    {
      "module": "module.repo_verify_terraform",
      "mode": "managed",
      "type": "github_repository_collaborator",
      "name": "repo_collaborator_pull",
      "each": "list",
      "provider": "provider.github",
      "instances": []
    },
    {
      "module": "module.repo_splunk_library_javalogging",
      "mode": "managed",
      "type": "github_repository_collaborator",
      "name": "repo_collaborator_pull",
      "each": "list",
      "provider": "provider.github",
      "instances": []
    },
    {
      "module": "module.repo_verify_support_form",
      "mode": "managed",
      "type": "github_repository_collaborator",
      "name": "repo_collaborator_pull",
      "each": "list",
      "provider": "provider.github",
      "instances": []
    },
    {
      "module": "module.repo_verify_eidas_mw_config_generator",
      "mode": "managed",
      "type": "github_repository_collaborator",
      "name": "repo_collaborator_pull",
      "each": "list",
      "provider": "provider.github",
      "instances": []
    },
    {
      "module": "module.repo_verify_infrastructure_config",
      "mode": "managed",
      "type": "github_repository_collaborator",
      "name": "repo_collaborator_pull",
      "each": "list",
      "provider": "provider.github",
      "instances": []
    },
    {
      "module": "module.repo_verify_stub_idp_federation_config",
      "mode": "managed",
      "type": "github_repository_collaborator",
      "name": "repo_collaborator_pull",
      "each": "list",
      "provider": "provider.github",
      "instances": []
    },
    {
      "module": "module.repo_verify_fabric",
      "mode": "managed",
      "type": "github_repository_collaborator",
      "name": "repo_collaborator_pull",
      "each": "list",
      "provider": "provider.github",
      "instances": []
    },
    {
      "module": "module.repo_verify_service_provider",
      "mode": "managed",
      "type": "github_repository_collaborator",
      "name": "repo_collaborator_pull",
      "each": "list",
      "provider": "provider.github",
      "instances": []
    },
    {
      "module": "module.repo_verify_dashing",
      "mode": "managed",
      "type": "github_repository_collaborator",
      "name": "repo_collaborator_pull",
      "each": "list",
      "provider": "provider.github",
      "instances": []
    },
    {
      "module": "module.repo_passport_verify_stub_relying_party",
      "mode": "managed",
      "type": "github_repository_collaborator",
      "name": "repo_collaborator_pull",
      "each": "list",
      "provider": "provider.github",
      "instances": []
    },
    {
      "module": "module.repo_verify_frontend_federation_config",
      "mode": "managed",
      "type": "github_repository_collaborator",
      "name": "repo_collaborator_pull",
      "each": "list",
      "provider": "provider.github",
      "instances": []
    },
    {
      "module": "module.repo_verify_event_recorder_service",
      "mode": "managed",
      "type": "github_repository_collaborator",
      "name": "repo_collaborator_pull",
      "each": "list",
      "provider": "provider.github",
      "instances": []
    },
    {
      "module": "module.repo_passport_verify",
      "mode": "managed",
      "type": "github_repository_collaborator",
      "name": "repo_collaborator_pull",
      "each": "list",
      "provider": "provider.github",
      "instances": []
    },
    {
      "module": "module.repo_verify_utils_libs",
      "mode": "managed",
      "type": "github_repository_collaborator",
      "name": "repo_collaborator_pull",
      "each": "list",
      "provider": "provider.github",
      "instances": []
    },
    {
      "module": "module.repo_verify_metadata",
      "mode": "managed",
      "type": "github_repository_collaborator",
      "name": "repo_collaborator_pull",
      "each": "list",
      "provider": "provider.github",
      "instances": []
    },
    {
      "module": "module.repo_verify_datascience_sandbox",
      "mode": "managed",
      "type": "github_repository_collaborator",
      "name": "repo_collaborator_pull",
      "each": "list",
      "provider": "provider.github",
      "instances": []
    },
    {
      "module": "module.repo_verify_jenkins_job_builder",
      "mode": "managed",
      "type": "github_repository_collaborator",
      "name": "repo_collaborator_pull",
      "each": "list",
      "provider": "provider.github",
      "instances": []
    },
    {
      "module": "module.repo_verify_matching_service_adapter",
      "mode": "managed",
      "type": "github_repository_collaborator",
      "name": "repo_collaborator_pull",
      "each": "list",
      "provider": "provider.github",
      "instances": []
    },
    {
      "module": "module.repo_verify_data_pipeline_config",
      "mode": "managed",
      "type": "github_repository_collaborator",
      "name": "repo_collaborator_pull",
      "each": "list",
      "provider": "provider.github",
      "instances": []
    },
    {
      "module": "module.repo_verify_acceptance_tests",
      "mode": "managed",
      "type": "github_repository_collaborator",
      "name": "repo_collaborator_pull",
      "each": "list",
      "provider": "provider.github",
      "instances": []
    },
    {
      "module": "module.repo_verify_stub_idp",
      "mode": "managed",
      "type": "github_repository_collaborator",
      "name": "repo_collaborator_pull",
      "each": "list",
      "provider": "provider.github",
      "instances": []
    },
    {
      "module": "module.repo_verify_data_schemas",
      "mode": "managed",
      "type": "github_repository_collaborator",
      "name": "repo_collaborator_pull",
      "each": "list",
      "provider": "provider.github",
      "instances": []
    },
    {
      "module": "module.repo_ida_hub_acceptance_tests",
      "mode": "managed",
      "type": "github_repository_collaborator",
      "name": "repo_collaborator_pull",
      "each": "list",
      "provider": "provider.github",
      "instances": []
    },
    {
      "module": "module.repo_dcs_client",
      "mode": "managed",
      "type": "github_repository_collaborator",
      "name": "repo_collaborator_pull",
      "each": "list",
      "provider": "provider.github",
      "instances": []
    },
    {
      "module": "module.repo_verify_saml_libs",
      "mode": "managed",
      "type": "github_repository_collaborator",
      "name": "repo_collaborator_pull",
      "each": "list",
      "provider": "provider.github",
      "instances": []
    },
    {
      "module": "module.repo_verify_tech_team",
      "mode": "managed",
      "type": "github_repository_collaborator",
      "name": "repo_collaborator_pull",
      "each": "list",
      "provider": "provider.github",
      "instances": []
    },
    {
      "module": "module.repo_verify_proxy_node",
      "mode": "managed",
      "type": "github_repository_collaborator",
      "name": "repo_collaborator_pull",
      "each": "list",
      "provider": "provider.github",
      "instances": []
    },
    {
      "module": "module.repo_verify_event_infrastructure",
      "mode": "managed",
      "type": "github_repository_collaborator",
      "name": "repo_collaborator_pull",
      "each": "list",
      "provider": "provider.github",
      "instances": [
        {
          "index_key": 0,
          "schema_version": 0,
          "attributes": {
            "id": "verify-event-infrastructure:verify-cd-read-only",
            "invitation_id": null,
            "permission": "pull",
            "repository": "verify-event-infrastructure",
            "username": "verify-cd-read-only"
          },
          "depends_on": [
            "github_repository.repo"
          ]
        }
      ]
    },
    {
      "module": "module.repo_verify_eidas_trust_anchor",
      "mode": "managed",
      "type": "github_team_repository",
      "name": "repo_team_pull",
      "each": "list",
      "provider": "provider.github",
      "instances": []
    },
    {
      "module": "module.repo_verify_local_matching_service_example",
      "mode": "managed",
      "type": "github_team_repository",
      "name": "repo_team_pull",
      "each": "list",
      "provider": "provider.github",
      "instances": []
    },
    {
      "module": "module.repo_verify_release_notes_generator",
      "mode": "managed",
      "type": "github_team_repository",
      "name": "repo_team_pull",
      "each": "list",
      "provider": "provider.github",
      "instances": []
    },
    {
      "module": "module.repo_verify_performance",
      "mode": "managed",
      "type": "github_team_repository",
      "name": "repo_team_pull",
      "each": "list",
      "provider": "provider.github",
      "instances": []
    },
    {
      "module": "module.repo_verify_team_manual",
      "mode": "managed",
      "type": "github_team_repository",
      "name": "repo_team_pull",
      "each": "list",
      "provider": "provider.github",
      "instances": []
    },
    {
      "module": "module.repo_verify_hub",
      "mode": "managed",
      "type": "github_team_repository",
      "name": "repo_team_pull",
      "each": "list",
      "provider": "provider.github",
      "instances": []
    },
    {
      "module": "module.repo_verify_self_service",
      "mode": "managed",
      "type": "github_team_repository",
      "name": "repo_team_pull",
      "each": "list",
      "provider": "provider.github",
      "instances": []
    },
    {
      "module": "module.repo_verify_rp_environment_config_form",
      "mode": "managed",
      "type": "github_team_repository",
      "name": "repo_team_pull",
      "each": "list",
      "provider": "provider.github",
      "instances": []
    },
    {
      "module": "module.repo_verify_data_pipeline",
      "mode": "managed",
      "type": "github_team_repository",
      "name": "repo_team_pull",
      "each": "list",
      "provider": "provider.github",
      "instances": []
    },
    {
      "module": "module.repo_verify_puppet",
      "mode": "managed",
      "type": "github_team_repository",
      "name": "repo_team_pull",
      "each": "list",
      "provider": "provider.github",
      "instances": []
    },
    {
      "module": "module.repo_verify_event_system_alarm_notifier",
      "mode": "managed",
      "type": "github_team_repository",
      "name": "repo_team_pull",
      "each": "list",
      "provider": "provider.github",
      "instances": []
    },
    {
      "module": "module.repo_verify_matomo_utils",
      "mode": "managed",
      "type": "github_team_repository",
      "name": "repo_team_pull",
      "each": "list",
      "provider": "provider.github",
      "instances": []
    },
    {
      "module": "module.repo_verify_token_service",
      "mode": "managed",
      "type": "github_team_repository",
      "name": "repo_team_pull",
      "each": "list",
      "provider": "provider.github",
      "instances": []
    },
    {
      "module": "module.repo_ida_hub_support",
      "mode": "managed",
      "type": "github_team_repository",
      "name": "repo_team_pull",
      "each": "list",
      "provider": "provider.github",
      "instances": []
    },
    {
      "module": "module.repo_verify_frontend",
      "mode": "managed",
      "type": "github_team_repository",
      "name": "repo_team_pull",
      "each": "list",
      "provider": "provider.github",
      "instances": []
    },
    {
      "module": "module.repo_verify_product_page",
      "mode": "managed",
      "type": "github_team_repository",
      "name": "repo_team_pull",
      "each": "list",
      "provider": "provider.github",
      "instances": []
    },
    {
      "module": "module.repo_verify_packages",
      "mode": "managed",
      "type": "github_team_repository",
      "name": "repo_team_pull",
      "each": "list",
      "provider": "provider.github",
      "instances": []
    },
    {
      "module": "module.repo_verify_german_eidas_middleware",
      "mode": "managed",
      "type": "github_team_repository",
      "name": "repo_team_pull",
      "each": "list",
      "provider": "provider.github",
      "instances": []
    },
    {
      "module": "module.repo_verify_performance_scripts",
      "mode": "managed",
      "type": "github_team_repository",
      "name": "repo_team_pull",
      "each": "list",
      "provider": "provider.github",
      "instances": []
    },
    {
      "module": "module.repo_verify_boxes",
      "mode": "managed",
      "type": "github_team_repository",
      "name": "repo_team_pull",
      "each": "list",
      "provider": "provider.github",
      "instances": []
    },
    {
      "module": "module.repo_verify_release_automation",
      "mode": "managed",
      "type": "github_team_repository",
      "name": "repo_team_pull",
      "each": "list",
      "provider": "provider.github",
      "instances": []
    },
    {
      "module": "module.repo_verify_ansible",
      "mode": "managed",
      "type": "github_team_repository",
      "name": "repo_team_pull",
      "each": "list",
      "provider": "provider.github",
      "instances": []
    },
    {
      "module": "module.repo_verify_local_startup",
      "mode": "managed",
      "type": "github_team_repository",
      "name": "repo_team_pull",
      "each": "list",
      "provider": "provider.github",
      "instances": []
    },
    {
      "module": "module.repo_dcs_client_acceptance_tests",
      "mode": "managed",
      "type": "github_team_repository",
      "name": "repo_team_pull",
      "each": "list",
      "provider": "provider.github",
      "instances": []
    },
    {
      "module": "module.repo_verify_test_rp",
      "mode": "managed",
      "type": "github_team_repository",
      "name": "repo_team_pull",
      "each": "list",
      "provider": "provider.github",
      "instances": []
    },
    {
      "module": "module.repo_dropwizard_logstash",
      "mode": "managed",
      "type": "github_team_repository",
      "name": "repo_team_pull",
      "each": "list",
      "provider": "provider.github",
      "instances": []
    },
    {
      "module": "module.repo_verify_infrastructure",
      "mode": "managed",
      "type": "github_team_repository",
      "name": "repo_team_pull",
      "each": "list",
      "provider": "provider.github",
      "instances": []
    },
    {
      "module": "module.repo_verify_event_emitter",
      "mode": "managed",
      "type": "github_team_repository",
      "name": "repo_team_pull",
      "each": "list",
      "provider": "provider.github",
      "instances": []
    },
    {
      "module": "module.repo_ida_compliance_tool",
      "mode": "managed",
      "type": "github_team_repository",
      "name": "repo_team_pull",
      "each": "list",
      "provider": "provider.github",
      "instances": []
    },
    {
      "module": "module.repo_verify_idp_pid_hasherator",
      "mode": "managed",
      "type": "github_team_repository",
      "name": "repo_team_pull",
      "each": "list",
      "provider": "provider.github",
      "instances": []
    },
    {
      "module": "module.repo_ida_performance_tests",
      "mode": "managed",
      "type": "github_team_repository",
      "name": "repo_team_pull",
      "each": "list",
      "provider": "provider.github",
      "instances": []
    },
    {
      "module": "module.repo_verify_gradle",
      "mode": "managed",
      "type": "github_team_repository",
      "name": "repo_team_pull",
      "each": "list",
      "provider": "provider.github",
      "instances": []
    },
    {
      "module": "module.repo_verify_il3_laptop_bootstrap",
      "mode": "managed",
      "type": "github_team_repository",
      "name": "repo_team_pull",
      "each": "list",
      "provider": "provider.github",
      "instances": []
    },
    {
      "module": "module.repo_dcs_performance_tests",
      "mode": "managed",
      "type": "github_team_repository",
      "name": "repo_team_pull",
      "each": "list",
      "provider": "provider.github",
      "instances": []
    },
    {
      "module": "module.repo_doc_checking",
      "mode": "managed",
      "type": "github_team_repository",
      "name": "repo_team_pull",
      "each": "list",
      "provider": "provider.github",
      "instances": []
    },
    {
      "module": "module.repo_verify_build_scripts",
      "mode": "managed",
      "type": "github_team_repository",
      "name": "repo_team_pull",
      "each": "list",
      "provider": "provider.github",
      "instances": []
    },
    {
      "module": "module.repo_verify_event_emitter_loader",
      "mode": "managed",
      "type": "github_team_repository",
      "name": "repo_team_pull",
      "each": "list",
      "provider": "provider.github",
      "instances": []
    },
    {
      "module": "module.repo_verify_eidas_mw_run",
      "mode": "managed",
      "type": "github_team_repository",
      "name": "repo_team_pull",
      "each": "list",
      "provider": "provider.github",
      "instances": []
    },
    {
      "module": "module.repo_verify_event_system_database_scripts",
      "mode": "managed",
      "type": "github_team_repository",
      "name": "repo_team_pull",
      "each": "list",
      "provider": "provider.github",
      "instances": []
    },
    {
      "module": "module.repo_verify_eidas_metadata_aggregator",
      "mode": "managed",
      "type": "github_team_repository",
      "name": "repo_team_pull",
      "each": "list",
      "provider": "provider.github",
      "instances": []
    },
    {
      "module": "module.repo_verify_idp_predictor",
      "mode": "managed",
      "type": "github_team_repository",
      "name": "repo_team_pull",
      "each": "list",
      "provider": "provider.github",
      "instances": []
    },
    {
      "module": "module.repo_verify_release_logs",
      "mode": "managed",
      "type": "github_team_repository",
      "name": "repo_team_pull",
      "each": "list",
      "provider": "provider.github",
      "instances": []
    },
    {
      "module": "module.repo_verify_architecture",
      "mode": "managed",
      "type": "github_team_repository",
      "name": "repo_team_pull",
      "each": "list",
      "provider": "provider.github",
      "instances": []
    },
    {
      "module": "module.repo_verify_self_service_infrastructure",
      "mode": "managed",
      "type": "github_team_repository",
      "name": "repo_team_pull",
      "each": "list",
      "provider": "provider.github",
      "instances": []
    },
    {
      "module": "module.repo_verify_blackbox_passwords",
      "mode": "managed",
      "type": "github_team_repository",
      "name": "repo_team_pull",
      "each": "list",
      "provider": "provider.github",
      "instances": []
    },
    {
      "module": "module.repo_verify_hub_federation_config",
      "mode": "managed",
      "type": "github_team_repository",
      "name": "repo_team_pull",
      "each": "list",
      "provider": "provider.github",
      "instances": []
    },
    {
      "module": "module.repo_verify_test_repo",
      "mode": "managed",
      "type": "github_team_repository",
      "name": "repo_team_pull",
      "each": "list",
      "provider": "provider.github",
      "instances": []
    },
    {
      "module": "module.repo_verify_proxy_node_infra",
      "mode": "managed",
      "type": "github_team_repository",
      "name": "repo_team_pull",
      "each": "list",
      "provider": "provider.github",
      "instances": []
    },
    {
      "module": "module.repo_metadata_checker",
      "mode": "managed",
      "type": "github_team_repository",
      "name": "repo_team_pull",
      "each": "list",
      "provider": "provider.github",
      "instances": []
    },
    {
      "module": "module.repo_verify_terraform",
      "mode": "managed",
      "type": "github_team_repository",
      "name": "repo_team_pull",
      "each": "list",
      "provider": "provider.github",
      "instances": []
    },
    {
      "module": "module.repo_splunk_library_javalogging",
      "mode": "managed",
      "type": "github_team_repository",
      "name": "repo_team_pull",
      "each": "list",
      "provider": "provider.github",
      "instances": []
    },
    {
      "module": "module.repo_verify_support_form",
      "mode": "managed",
      "type": "github_team_repository",
      "name": "repo_team_pull",
      "each": "list",
      "provider": "provider.github",
      "instances": []
    },
    {
      "module": "module.repo_verify_eidas_mw_config_generator",
      "mode": "managed",
      "type": "github_team_repository",
      "name": "repo_team_pull",
      "each": "list",
      "provider": "provider.github",
      "instances": []
    },
    {
      "module": "module.repo_verify_infrastructure_config",
      "mode": "managed",
      "type": "github_team_repository",
      "name": "repo_team_pull",
      "each": "list",
      "provider": "provider.github",
      "instances": []
    },
    {
      "module": "module.repo_verify_stub_idp_federation_config",
      "mode": "managed",
      "type": "github_team_repository",
      "name": "repo_team_pull",
      "each": "list",
      "provider": "provider.github",
      "instances": []
    },
    {
      "module": "module.repo_verify_fabric",
      "mode": "managed",
      "type": "github_team_repository",
      "name": "repo_team_pull",
      "each": "list",
      "provider": "provider.github",
      "instances": []
    },
    {
      "module": "module.repo_verify_service_provider",
      "mode": "managed",
      "type": "github_team_repository",
      "name": "repo_team_pull",
      "each": "list",
      "provider": "provider.github",
      "instances": []
    },
    {
      "module": "module.repo_verify_dashing",
      "mode": "managed",
      "type": "github_team_repository",
      "name": "repo_team_pull",
      "each": "list",
      "provider": "provider.github",
      "instances": []
    },
    {
      "module": "module.repo_passport_verify_stub_relying_party",
      "mode": "managed",
      "type": "github_team_repository",
      "name": "repo_team_pull",
      "each": "list",
      "provider": "provider.github",
      "instances": []
    },
    {
      "module": "module.repo_verify_frontend_federation_config",
      "mode": "managed",
      "type": "github_team_repository",
      "name": "repo_team_pull",
      "each": "list",
      "provider": "provider.github",
      "instances": []
    },
    {
      "module": "module.repo_verify_event_recorder_service",
      "mode": "managed",
      "type": "github_team_repository",
      "name": "repo_team_pull",
      "each": "list",
      "provider": "provider.github",
      "instances": []
    },
    {
      "module": "module.repo_passport_verify",
      "mode": "managed",
      "type": "github_team_repository",
      "name": "repo_team_pull",
      "each": "list",
      "provider": "provider.github",
      "instances": []
    },
    {
      "module": "module.repo_verify_utils_libs",
      "mode": "managed",
      "type": "github_team_repository",
      "name": "repo_team_pull",
      "each": "list",
      "provider": "provider.github",
      "instances": []
    },
    {
      "module": "module.repo_verify_metadata",
      "mode": "managed",
      "type": "github_team_repository",
      "name": "repo_team_pull",
      "each": "list",
      "provider": "provider.github",
      "instances": []
    },
    {
      "module": "module.repo_verify_datascience_sandbox",
      "mode": "managed",
      "type": "github_team_repository",
      "name": "repo_team_pull",
      "each": "list",
      "provider": "provider.github",
      "instances": []
    },
    {
      "module": "module.repo_verify_jenkins_job_builder",
      "mode": "managed",
      "type": "github_team_repository",
      "name": "repo_team_pull",
      "each": "list",
      "provider": "provider.github",
      "instances": []
    },
    {
      "module": "module.repo_verify_matching_service_adapter",
      "mode": "managed",
      "type": "github_team_repository",
      "name": "repo_team_pull",
      "each": "list",
      "provider": "provider.github",
      "instances": []
    },
    {
      "module": "module.repo_verify_data_pipeline_config",
      "mode": "managed",
      "type": "github_team_repository",
      "name": "repo_team_pull",
      "each": "list",
      "provider": "provider.github",
      "instances": []
    },
    {
      "module": "module.repo_verify_acceptance_tests",
      "mode": "managed",
      "type": "github_team_repository",
      "name": "repo_team_pull",
      "each": "list",
      "provider": "provider.github",
      "instances": []
    },
    {
      "module": "module.repo_verify_stub_idp",
      "mode": "managed",
      "type": "github_team_repository",
      "name": "repo_team_pull",
      "each": "list",
      "provider": "provider.github",
      "instances": []
    },
    {
      "module": "module.repo_verify_data_schemas",
      "mode": "managed",
      "type": "github_team_repository",
      "name": "repo_team_pull",
      "each": "list",
      "provider": "provider.github",
      "instances": []
    },
    {
      "module": "module.repo_ida_hub_acceptance_tests",
      "mode": "managed",
      "type": "github_team_repository",
      "name": "repo_team_pull",
      "each": "list",
      "provider": "provider.github",
      "instances": []
    },
    {
      "module": "module.repo_dcs_client",
      "mode": "managed",
      "type": "github_team_repository",
      "name": "repo_team_pull",
      "each": "list",
      "provider": "provider.github",
      "instances": []
    },
    {
      "module": "module.repo_verify_saml_libs",
      "mode": "managed",
      "type": "github_team_repository",
      "name": "repo_team_pull",
      "each": "list",
      "provider": "provider.github",
      "instances": []
    },
    {
      "module": "module.repo_verify_tech_team",
      "mode": "managed",
      "type": "github_team_repository",
      "name": "repo_team_pull",
      "each": "list",
      "provider": "provider.github",
      "instances": []
    },
    {
      "module": "module.repo_verify_proxy_node",
      "mode": "managed",
      "type": "github_team_repository",
      "name": "repo_team_pull",
      "each": "list",
      "provider": "provider.github",
      "instances": []
    },
    {
      "module": "module.repo_verify_event_infrastructure",
      "mode": "managed",
      "type": "github_team_repository",
      "name": "repo_team_pull",
      "each": "list",
      "provider": "provider.github",
      "instances": []
    },
    {
      "module": "module.repo_verify_eidas_trust_anchor",
      "mode": "managed",
      "type": "github_team_repository",
      "name": "repo_team_push",
      "each": "list",
      "provider": "provider.github",
      "instances": [
        {
          "index_key": 0,
          "schema_version": 0,
          "attributes": {
            "etag": "W/\"7e8469bd76cf42b58f4133d7119b3413\"",
            "id": "2826126:verify-eidas-trust-anchor",
            "permission": "push",
            "repository": "verify-eidas-trust-anchor",
            "team_id": "2826126"
          },
          "depends_on": [
            "data.github_team.push_teams",
            "github_repository.repo"
          ]
        }
      ]
    },
    {
      "module": "module.repo_verify_local_matching_service_example",
      "mode": "managed",
      "type": "github_team_repository",
      "name": "repo_team_push",
      "each": "list",
      "provider": "provider.github",
      "instances": [
        {
          "index_key": 0,
          "schema_version": 0,
          "attributes": {
            "etag": "W/\"796a36a828dca8ef89864798de3e356b\"",
            "id": "2826122:verify-local-matching-service-example",
            "permission": "push",
            "repository": "verify-local-matching-service-example",
            "team_id": "2826122"
          },
          "depends_on": [
            "data.github_team.push_teams",
            "github_repository.repo"
          ]
        }
      ]
    },
    {
      "module": "module.repo_verify_release_notes_generator",
      "mode": "managed",
      "type": "github_team_repository",
      "name": "repo_team_push",
      "each": "list",
      "provider": "provider.github",
      "instances": [
        {
          "index_key": 0,
          "schema_version": 0,
          "attributes": {
            "etag": null,
            "id": "2826122:verify-release-notes-generator",
            "permission": null,
            "repository": null,
            "team_id": null
          }
        }
      ]
    },
    {
      "module": "module.repo_verify_performance",
      "mode": "managed",
      "type": "github_team_repository",
      "name": "repo_team_push",
      "each": "list",
      "provider": "provider.github",
      "instances": [
        {
          "index_key": 0,
          "schema_version": 0,
          "attributes": {
            "etag": "W/\"c5421ddaa4e23dc2a8e64e74fadf7f22\"",
            "id": "2826122:verify-performance",
            "permission": "push",
            "repository": "verify-performance",
            "team_id": "2826122"
          },
          "depends_on": [
            "data.github_team.push_teams",
            "github_repository.repo"
          ]
        }
      ]
    },
    {
      "module": "module.repo_verify_team_manual",
      "mode": "managed",
      "type": "github_team_repository",
      "name": "repo_team_push",
      "each": "list",
      "provider": "provider.github",
      "instances": [
        {
          "index_key": 0,
          "schema_version": 0,
          "attributes": {
            "etag": "W/\"5b612c491e8c7d324cadda0d99f90009\"",
            "id": "2826122:verify-team-manual",
            "permission": "push",
            "repository": "verify-team-manual",
            "team_id": "2826122"
          },
          "depends_on": [
            "data.github_team.push_teams",
            "github_repository.repo"
          ]
        },
        {
          "index_key": 1,
          "schema_version": 0,
          "attributes": {
            "etag": "W/\"5b612c491e8c7d324cadda0d99f90009\"",
            "id": "2826127:verify-team-manual",
            "permission": "push",
            "repository": "verify-team-manual",
            "team_id": "2826127"
          },
          "depends_on": [
            "data.github_team.push_teams",
            "github_repository.repo"
          ]
        }
      ]
    },
    {
      "module": "module.repo_verify_hub",
      "mode": "managed",
      "type": "github_team_repository",
      "name": "repo_team_push",
      "each": "list",
      "provider": "provider.github",
      "instances": [
        {
          "index_key": 0,
          "schema_version": 0,
          "attributes": {
            "etag": "W/\"ef3cf832773d1d2a91a101974ac9a7f6\"",
            "id": "2826122:verify-hub",
            "permission": "push",
            "repository": "verify-hub",
            "team_id": "2826122"
          },
          "depends_on": [
            "data.github_team.teams",
            "github_repository.repo"
          ]
        }
      ]
    },
    {
      "module": "module.repo_verify_self_service",
      "mode": "managed",
      "type": "github_team_repository",
      "name": "repo_team_push",
      "each": "list",
      "provider": "provider.github",
      "instances": [
        {
          "index_key": 0,
          "schema_version": 0,
          "attributes": {
            "etag": "W/\"620603fe0a5c0b29ddf8a40f427f44bf\"",
            "id": "2826122:verify-self-service",
            "permission": "push",
            "repository": "verify-self-service",
            "team_id": "2826122"
          },
          "depends_on": [
            "data.github_team.push_teams",
            "github_repository.repo"
          ]
        }
      ]
    },
    {
      "module": "module.repo_verify_rp_environment_config_form",
      "mode": "managed",
      "type": "github_team_repository",
      "name": "repo_team_push",
      "each": "list",
      "provider": "provider.github",
      "instances": [
        {
          "index_key": 0,
          "schema_version": 0,
          "attributes": {
            "etag": "W/\"c2a948efac9a2ed06c31b8c1cd9fa569\"",
            "id": "2826122:verify-rp-environment-config-form",
            "permission": "push",
            "repository": "verify-rp-environment-config-form",
            "team_id": "2826122"
          },
          "depends_on": [
            "data.github_team.push_teams",
            "github_repository.repo"
          ]
        }
      ]
    },
    {
      "module": "module.repo_verify_data_pipeline",
      "mode": "managed",
      "type": "github_team_repository",
      "name": "repo_team_push",
      "each": "list",
      "provider": "provider.github",
      "instances": [
        {
          "index_key": 0,
          "schema_version": 0,
          "attributes": {
            "etag": "W/\"0e5217ad7d9f883a456b449eadea1535\"",
            "id": "2826122:verify-data-pipeline",
            "permission": "push",
            "repository": "verify-data-pipeline",
            "team_id": "2826122"
          },
          "depends_on": [
            "data.github_team.push_teams",
            "github_repository.repo"
          ]
        }
      ]
    },
    {
      "module": "module.repo_verify_puppet",
      "mode": "managed",
      "type": "github_team_repository",
      "name": "repo_team_push",
      "each": "list",
      "provider": "provider.github",
      "instances": [
        {
          "index_key": 0,
          "schema_version": 0,
          "attributes": {
            "etag": "W/\"035212a75bf4e446e48694674136426c\"",
            "id": "2826122:verify-puppet",
            "permission": "push",
            "repository": "verify-puppet",
            "team_id": "2826122"
          },
          "depends_on": [
            "data.github_team.push_teams",
            "github_repository.repo"
          ]
        },
        {
          "index_key": 1,
          "schema_version": 0,
          "attributes": {
            "etag": "W/\"035212a75bf4e446e48694674136426c\"",
            "id": "2826127:verify-puppet",
            "permission": "push",
            "repository": "verify-puppet",
            "team_id": "2826127"
          },
          "depends_on": [
            "data.github_team.push_teams",
            "github_repository.repo"
          ]
        }
      ]
    },
    {
      "module": "module.repo_verify_event_system_alarm_notifier",
      "mode": "managed",
      "type": "github_team_repository",
      "name": "repo_team_push",
      "each": "list",
      "provider": "provider.github",
      "instances": [
        {
          "index_key": 0,
          "schema_version": 0,
          "attributes": {
            "etag": "W/\"7192d4715798101777fb3098f4b22b8d\"",
            "id": "2826122:verify-event-system-alarm-notifier",
            "permission": "push",
            "repository": "verify-event-system-alarm-notifier",
            "team_id": "2826122"
          },
          "depends_on": [
            "github_repository.repo"
          ]
        }
      ]
    },
    {
      "module": "module.repo_verify_matomo_utils",
      "mode": "managed",
      "type": "github_team_repository",
      "name": "repo_team_push",
      "each": "list",
      "provider": "provider.github",
      "instances": [
        {
          "index_key": 0,
          "schema_version": 0,
          "attributes": {
            "etag": "W/\"75825960d02ead938d32fd9e178600cd\"",
            "id": "2826122:verify-matomo-utils",
            "permission": "push",
            "repository": "verify-matomo-utils",
            "team_id": "2826122"
          },
          "depends_on": [
            "github_repository.repo"
          ]
        }
      ]
    },
    {
      "module": "module.repo_verify_token_service",
      "mode": "managed",
      "type": "github_team_repository",
      "name": "repo_team_push",
      "each": "list",
      "provider": "provider.github",
      "instances": [
        {
          "index_key": 0,
          "schema_version": 0,
          "attributes": {
            "etag": "W/\"1d5559e173741d3cf6d62548fb385555\"",
            "id": "2826122:verify-token-service",
            "permission": "pull",
            "repository": "verify-token-service",
            "team_id": "2826122"
          },
          "depends_on": [
            "data.github_team.teams",
            "github_repository.repo"
          ]
        }
      ]
    },
    {
      "module": "module.repo_ida_hub_support",
      "mode": "managed",
      "type": "github_team_repository",
      "name": "repo_team_push",
      "each": "list",
      "provider": "provider.github",
      "instances": [
        {
          "index_key": 0,
          "schema_version": 0,
          "attributes": {
            "etag": "W/\"593b0b463852aa76e5f813a8f9e38870\"",
            "id": "2826122:ida-hub-support",
            "permission": "pull",
            "repository": "ida-hub-support",
            "team_id": "2826122"
          },
          "depends_on": [
            "data.github_team.teams",
            "github_repository.repo"
          ]
        }
      ]
    },
    {
      "module": "module.repo_verify_frontend",
      "mode": "managed",
      "type": "github_team_repository",
      "name": "repo_team_push",
      "each": "list",
      "provider": "provider.github",
      "instances": [
        {
          "index_key": 0,
          "schema_version": 0,
          "attributes": {
            "etag": "W/\"27821d655979b5a559b50621281d5d2f\"",
            "id": "2826122:verify-frontend",
            "permission": "push",
            "repository": "verify-frontend",
            "team_id": "2826122"
          },
          "depends_on": [
            "data.github_team.push_teams",
            "github_repository.repo"
          ]
        }
      ]
    },
    {
      "module": "module.repo_verify_product_page",
      "mode": "managed",
      "type": "github_team_repository",
      "name": "repo_team_push",
      "each": "list",
      "provider": "provider.github",
      "instances": [
        {
          "index_key": 0,
          "schema_version": 0,
          "attributes": {
            "etag": "W/\"6f5fcc90692143239202b9066a9219bf\"",
            "id": "2826122:verify-product-page",
            "permission": "push",
            "repository": "verify-product-page",
            "team_id": "2826122"
          },
          "depends_on": [
            "github_repository.repo"
          ]
        }
      ]
    },
    {
      "module": "module.repo_verify_packages",
      "mode": "managed",
      "type": "github_team_repository",
      "name": "repo_team_push",
      "each": "list",
      "provider": "provider.github",
      "instances": [
        {
          "index_key": 0,
          "schema_version": 0,
          "attributes": {
            "etag": "W/\"d47c18350e5e76845b7725529914558a\"",
            "id": "2826122:verify-packages",
            "permission": "push",
            "repository": "verify-packages",
            "team_id": "2826122"
          },
          "depends_on": [
            "data.github_team.push_teams",
            "github_repository.repo"
          ]
        },
        {
          "index_key": 1,
          "schema_version": 0,
          "attributes": {
            "etag": "W/\"d47c18350e5e76845b7725529914558a\"",
            "id": "2826127:verify-packages",
            "permission": "push",
            "repository": "verify-packages",
            "team_id": "2826127"
          },
          "depends_on": [
            "data.github_team.push_teams",
            "github_repository.repo"
          ]
        }
      ]
    },
    {
      "module": "module.repo_verify_german_eidas_middleware",
      "mode": "managed",
      "type": "github_team_repository",
      "name": "repo_team_push",
      "each": "list",
      "provider": "provider.github",
      "instances": [
        {
          "index_key": 0,
          "schema_version": 0,
          "attributes": {
            "etag": "W/\"ec8c5da832dcd5af1f611dc70533be89\"",
            "id": "2826126:verify-german-eidas-middleware",
            "permission": "push",
            "repository": "verify-german-eidas-middleware",
            "team_id": "2826126"
          },
          "depends_on": [
            "data.github_team.push_teams",
            "github_repository.repo"
          ]
        }
      ]
    },
    {
      "module": "module.repo_verify_performance_scripts",
      "mode": "managed",
      "type": "github_team_repository",
      "name": "repo_team_push",
      "each": "list",
      "provider": "provider.github",
      "instances": [
        {
          "index_key": 0,
          "schema_version": 0,
          "attributes": {
            "etag": "W/\"b5c966d0e9c70c1aaead027d41c4bfc6\"",
            "id": "2826122:verify-performance-scripts",
            "permission": "push",
            "repository": "verify-performance-scripts",
            "team_id": "2826122"
          },
          "depends_on": [
            "data.github_team.push_teams",
            "github_repository.repo"
          ]
        }
      ]
    },
    {
      "module": "module.repo_verify_boxes",
      "mode": "managed",
      "type": "github_team_repository",
      "name": "repo_team_push",
      "each": "list",
      "provider": "provider.github",
      "instances": [
        {
          "index_key": 0,
          "schema_version": 0,
          "attributes": {
            "etag": "W/\"4dfbaf8e341870e780a3a4fcc7de9a0e\"",
            "id": "2826122:verify-boxes",
            "permission": "push",
            "repository": "verify-boxes",
            "team_id": "2826122"
          },
          "depends_on": [
            "data.github_team.push_teams",
            "github_repository.repo"
          ]
        },
        {
          "index_key": 1,
          "schema_version": 0,
          "attributes": {
            "etag": "W/\"4dfbaf8e341870e780a3a4fcc7de9a0e\"",
            "id": "2826127:verify-boxes",
            "permission": "push",
            "repository": "verify-boxes",
            "team_id": "2826127"
          },
          "depends_on": [
            "data.github_team.push_teams",
            "github_repository.repo"
          ]
        }
      ]
    },
    {
      "module": "module.repo_verify_release_automation",
      "mode": "managed",
      "type": "github_team_repository",
      "name": "repo_team_push",
      "each": "list",
      "provider": "provider.github",
      "instances": [
        {
          "index_key": 0,
          "schema_version": 0,
          "attributes": {
            "etag": "W/\"07c50ad44d99b040a938417c7f588f56\"",
            "id": "2826122:verify-release-automation",
            "permission": "push",
            "repository": "verify-release-automation",
            "team_id": "2826122"
          },
          "depends_on": [
            "data.github_team.push_teams",
            "github_repository.repo"
          ]
        }
      ]
    },
    {
      "module": "module.repo_verify_ansible",
      "mode": "managed",
      "type": "github_team_repository",
      "name": "repo_team_push",
      "each": "list",
      "provider": "provider.github",
      "instances": [
        {
          "index_key": 0,
          "schema_version": 0,
          "attributes": {
            "etag": "W/\"2b80c93ab6e9c646361d0559919d7278\"",
            "id": "2826122:verify-ansible",
            "permission": "push",
            "repository": "verify-ansible",
            "team_id": "2826122"
          },
          "depends_on": [
            "data.github_team.push_teams",
            "github_repository.repo"
          ]
        },
        {
          "index_key": 1,
          "schema_version": 0,
          "attributes": {
            "etag": "W/\"2b80c93ab6e9c646361d0559919d7278\"",
            "id": "2826127:verify-ansible",
            "permission": "push",
            "repository": "verify-ansible",
            "team_id": "2826127"
          },
          "depends_on": [
            "data.github_team.push_teams",
            "github_repository.repo"
          ]
        }
      ]
    },
    {
      "module": "module.repo_verify_local_startup",
      "mode": "managed",
      "type": "github_team_repository",
      "name": "repo_team_push",
      "each": "list",
      "provider": "provider.github",
      "instances": [
        {
          "index_key": 0,
          "schema_version": 0,
          "attributes": {
            "etag": "W/\"f9f480ce93c6d2d852cd70537c149e95\"",
            "id": "2826122:verify-local-startup",
            "permission": "push",
            "repository": "verify-local-startup",
            "team_id": "2826122"
          },
          "depends_on": [
            "github_repository.repo"
          ]
        }
      ]
    },
    {
      "module": "module.repo_dcs_client_acceptance_tests",
      "mode": "managed",
      "type": "github_team_repository",
      "name": "repo_team_push",
      "each": "list",
      "provider": "provider.github",
      "instances": [
        {
          "index_key": 0,
          "schema_version": 0,
          "attributes": {
            "etag": "W/\"b84223c5f61e6ed014a21185b1bdffce\"",
            "id": "2826122:dcs-client-acceptance-tests",
            "permission": "push",
            "repository": "dcs-client-acceptance-tests",
            "team_id": "2826122"
          },
          "depends_on": [
            "data.github_team.push_teams",
            "github_repository.repo"
          ]
        }
      ]
    },
    {
      "module": "module.repo_verify_test_rp",
      "mode": "managed",
      "type": "github_team_repository",
      "name": "repo_team_push",
      "each": "list",
      "provider": "provider.github",
      "instances": [
        {
          "index_key": 0,
          "schema_version": 0,
          "attributes": {
            "etag": "W/\"9d553967e7da3646fea0101d33abee7f\"",
            "id": "2826122:verify-test-rp",
            "permission": "push",
            "repository": "verify-test-rp",
            "team_id": "2826122"
          },
          "depends_on": [
            "data.github_team.teams",
            "github_repository.repo"
          ]
        }
      ]
    },
    {
      "module": "module.repo_dropwizard_logstash",
      "mode": "managed",
      "type": "github_team_repository",
      "name": "repo_team_push",
      "each": "list",
      "provider": "provider.github",
      "instances": [
        {
          "index_key": 0,
          "schema_version": 0,
          "attributes": {
            "etag": "W/\"52fe6499d4ac3b562054da476de07df6\"",
            "id": "2826122:dropwizard-logstash",
            "permission": "push",
            "repository": "dropwizard-logstash",
            "team_id": "2826122"
          },
          "depends_on": [
            "github_repository.repo"
          ]
        }
      ]
    },
    {
      "module": "module.repo_verify_infrastructure",
      "mode": "managed",
      "type": "github_team_repository",
      "name": "repo_team_push",
      "each": "list",
      "provider": "provider.github",
      "instances": [
        {
          "index_key": 0,
          "schema_version": 0,
          "attributes": {
            "etag": "W/\"ea7c1c0a228e0950189eed6310523532\"",
            "id": "2826122:verify-infrastructure",
            "permission": "push",
            "repository": "verify-infrastructure",
            "team_id": "2826122"
          },
          "depends_on": [
            "data.github_team.push_teams",
            "github_repository.repo"
          ]
        },
        {
          "index_key": 1,
          "schema_version": 0,
          "attributes": {
            "etag": "W/\"ea7c1c0a228e0950189eed6310523532\"",
            "id": "2826127:verify-infrastructure",
            "permission": "push",
            "repository": "verify-infrastructure",
            "team_id": "2826127"
          },
          "depends_on": [
            "data.github_team.push_teams",
            "github_repository.repo"
          ]
        }
      ]
    },
    {
      "module": "module.repo_verify_event_emitter",
      "mode": "managed",
      "type": "github_team_repository",
      "name": "repo_team_push",
      "each": "list",
      "provider": "provider.github",
      "instances": [
        {
          "index_key": 0,
          "schema_version": 0,
          "attributes": {
            "etag": "W/\"5a1c284e74b65da8a51a0fa871536ab4\"",
            "id": "2826122:verify-event-emitter",
            "permission": "push",
            "repository": "verify-event-emitter",
            "team_id": "2826122"
          },
          "depends_on": [
            "data.github_team.teams",
            "github_repository.repo"
          ]
        }
      ]
    },
    {
      "module": "module.repo_ida_compliance_tool",
      "mode": "managed",
      "type": "github_team_repository",
      "name": "repo_team_push",
      "each": "list",
      "provider": "provider.github",
      "instances": [
        {
          "index_key": 0,
          "schema_version": 0,
          "attributes": {
            "etag": "W/\"4029690f080954d2833d19dc49382d96\"",
            "id": "2826122:ida-compliance-tool",
            "permission": "push",
            "repository": "ida-compliance-tool",
            "team_id": "2826122"
          },
          "depends_on": [
            "data.github_team.teams",
            "github_repository.repo"
          ]
        }
      ]
    },
    {
      "module": "module.repo_verify_idp_pid_hasherator",
      "mode": "managed",
      "type": "github_team_repository",
      "name": "repo_team_push",
      "each": "list",
      "provider": "provider.github",
      "instances": [
        {
          "index_key": 0,
          "schema_version": 0,
          "attributes": {
            "etag": "W/\"7887e0026275070f59e60b948e93ccbe\"",
            "id": "2826122:verify-idp-pid-hasherator",
            "permission": "push",
            "repository": "verify-idp-pid-hasherator",
            "team_id": "2826122"
          },
          "depends_on": [
            "github_repository.repo"
          ]
        }
      ]
    },
    {
      "module": "module.repo_ida_performance_tests",
      "mode": "managed",
      "type": "github_team_repository",
      "name": "repo_team_push",
      "each": "list",
      "provider": "provider.github",
      "instances": [
        {
          "index_key": 0,
          "schema_version": 0,
          "attributes": {
            "etag": "W/\"14f59d54e29f08b9a006784bb4a3ea1c\"",
            "id": "2826122:ida-performance-tests",
            "permission": "push",
            "repository": "ida-performance-tests",
            "team_id": "2826122"
          },
          "depends_on": [
            "github_repository.repo"
          ]
        }
      ]
    },
    {
      "module": "module.repo_verify_gradle",
      "mode": "managed",
      "type": "github_team_repository",
      "name": "repo_team_push",
      "each": "list",
      "provider": "provider.github",
      "instances": [
        {
          "index_key": 0,
          "schema_version": 0,
          "attributes": {
            "etag": "W/\"63a5e27e259d18a25369d26220bb1213\"",
            "id": "2826122:verify-gradle",
            "permission": "push",
            "repository": "verify-gradle",
            "team_id": "2826122"
          },
          "depends_on": [
            "github_repository.repo"
          ]
        }
      ]
    },
    {
      "module": "module.repo_verify_il3_laptop_bootstrap",
      "mode": "managed",
      "type": "github_team_repository",
      "name": "repo_team_push",
      "each": "list",
      "provider": "provider.github",
      "instances": [
        {
          "index_key": 0,
          "schema_version": 0,
          "attributes": {
            "etag": "W/\"4d9319bfa778fba255a917818a26f02f\"",
            "id": "2826122:verify-il3-laptop-bootstrap",
            "permission": "push",
            "repository": "verify-il3-laptop-bootstrap",
            "team_id": "2826122"
          },
          "depends_on": [
            "data.github_team.push_teams",
            "github_repository.repo"
          ]
        },
        {
          "index_key": 1,
          "schema_version": 0,
          "attributes": {
            "etag": "W/\"4d9319bfa778fba255a917818a26f02f\"",
            "id": "2826127:verify-il3-laptop-bootstrap",
            "permission": "push",
            "repository": "verify-il3-laptop-bootstrap",
            "team_id": "2826127"
          },
          "depends_on": [
            "data.github_team.push_teams",
            "github_repository.repo"
          ]
        }
      ]
    },
    {
      "module": "module.repo_dcs_performance_tests",
      "mode": "managed",
      "type": "github_team_repository",
      "name": "repo_team_push",
      "each": "list",
      "provider": "provider.github",
      "instances": [
        {
          "index_key": 0,
          "schema_version": 0,
          "attributes": {
            "etag": "W/\"d80acdb4a72ce764f29ada2869402ef7\"",
            "id": "2826122:dcs-performance-tests",
            "permission": "push",
            "repository": "dcs-performance-tests",
            "team_id": "2826122"
          },
          "depends_on": [
            "data.github_team.push_teams",
            "github_repository.repo"
          ]
        }
      ]
    },
    {
      "module": "module.repo_doc_checking",
      "mode": "managed",
      "type": "github_team_repository",
      "name": "repo_team_push",
      "each": "list",
      "provider": "provider.github",
      "instances": [
        {
          "index_key": 0,
          "schema_version": 0,
          "attributes": {
            "etag": "W/\"0e458a2b21799353bd11d789775d8fbc\"",
            "id": "2826122:doc-checking",
            "permission": "push",
            "repository": "doc-checking",
            "team_id": "2826122"
          },
          "depends_on": [
            "data.github_team.push_teams",
            "github_repository.repo"
          ]
        }
      ]
    },
    {
      "module": "module.repo_verify_build_scripts",
      "mode": "managed",
      "type": "github_team_repository",
      "name": "repo_team_push",
      "each": "list",
      "provider": "provider.github",
      "instances": [
        {
          "index_key": 0,
          "schema_version": 0,
          "attributes": {
            "etag": "W/\"a7035d9b3bc1b45f059023f0834a4c52\"",
            "id": "2826122:verify-build-scripts",
            "permission": "push",
            "repository": "verify-build-scripts",
            "team_id": "2826122"
          },
          "depends_on": [
            "data.github_team.push_teams",
            "github_repository.repo"
          ]
        }
      ]
    },
    {
      "module": "module.repo_verify_event_emitter_loader",
      "mode": "managed",
      "type": "github_team_repository",
      "name": "repo_team_push",
      "each": "list",
      "provider": "provider.github",
      "instances": [
        {
          "index_key": 0,
          "schema_version": 0,
          "attributes": {
            "etag": "W/\"9540a9fbdae585ad40266744cd786758\"",
            "id": "2826122:verify-event-emitter-loader",
            "permission": "push",
            "repository": "verify-event-emitter-loader",
            "team_id": "2826122"
          },
          "depends_on": [
            "data.github_team.push_teams",
            "github_repository.repo"
          ]
        }
      ]
    },
    {
      "module": "module.repo_verify_eidas_mw_run",
      "mode": "managed",
      "type": "github_team_repository",
      "name": "repo_team_push",
      "each": "list",
      "provider": "provider.github",
      "instances": [
        {
          "index_key": 0,
          "schema_version": 0,
          "attributes": {
            "etag": "W/\"0de869562c7d8d247f74d5e2f5c49a8a\"",
            "id": "2826126:verify-eidas-mw-run",
            "permission": "push",
            "repository": "verify-eidas-mw-run",
            "team_id": "2826126"
          },
          "depends_on": [
            "data.github_team.push_teams",
            "github_repository.repo"
          ]
        }
      ]
    },
    {
      "module": "module.repo_verify_event_system_database_scripts",
      "mode": "managed",
      "type": "github_team_repository",
      "name": "repo_team_push",
      "each": "list",
      "provider": "provider.github",
      "instances": [
        {
          "index_key": 0,
          "schema_version": 0,
          "attributes": {
            "etag": "W/\"954508b131c98bc78a7163250e0e69f7\"",
            "id": "2826122:verify-event-system-database-scripts",
            "permission": "push",
            "repository": "verify-event-system-database-scripts",
            "team_id": "2826122"
          },
          "depends_on": [
            "github_repository.repo"
          ]
        }
      ]
    },
    {
      "module": "module.repo_verify_eidas_metadata_aggregator",
      "mode": "managed",
      "type": "github_team_repository",
      "name": "repo_team_push",
      "each": "list",
      "provider": "provider.github",
      "instances": [
        {
          "index_key": 0,
          "schema_version": 0,
          "attributes": {
            "etag": "W/\"be284e24c7472569493500f663918746\"",
            "id": "2826126:verify-eidas-metadata-aggregator",
            "permission": "push",
            "repository": "verify-eidas-metadata-aggregator",
            "team_id": "2826126"
          },
          "depends_on": [
            "data.github_team.push_teams",
            "github_repository.repo"
          ]
        }
      ]
    },
    {
      "module": "module.repo_verify_idp_predictor",
      "mode": "managed",
      "type": "github_team_repository",
      "name": "repo_team_push",
      "each": "list",
      "provider": "provider.github",
      "instances": [
        {
          "index_key": 0,
          "schema_version": 0,
          "attributes": {
            "etag": "W/\"19a57cbbe25a82998613447e897da1d0\"",
            "id": "2826122:verify-idp-predictor",
            "permission": "push",
            "repository": "verify-idp-predictor",
            "team_id": "2826122"
          },
          "depends_on": [
            "data.github_team.push_teams",
            "github_repository.repo"
          ]
        }
      ]
    },
    {
      "module": "module.repo_verify_release_logs",
      "mode": "managed",
      "type": "github_team_repository",
      "name": "repo_team_push",
      "each": "list",
      "provider": "provider.github",
      "instances": [
        {
          "index_key": 0,
          "schema_version": 0,
          "attributes": {
            "etag": "W/\"7622cd8b44fc5724e78dcbe2513ae34e\"",
            "id": "2826122:verify-release-logs",
            "permission": "push",
            "repository": "verify-release-logs",
            "team_id": "2826122"
          },
          "depends_on": [
            "data.github_team.push_teams",
            "github_repository.repo"
          ]
        }
      ]
    },
    {
      "module": "module.repo_verify_architecture",
      "mode": "managed",
      "type": "github_team_repository",
      "name": "repo_team_push",
      "each": "list",
      "provider": "provider.github",
      "instances": [
        {
          "index_key": 0,
          "schema_version": 0,
          "attributes": {
            "etag": "W/\"6dc5f1f2e1b98b92088664e7f2f3613a\"",
            "id": "2826122:verify-architecture",
            "permission": "push",
            "repository": "verify-architecture",
            "team_id": "2826122"
          },
          "depends_on": [
            "data.github_team.push_teams",
            "github_repository.repo"
          ]
        }
      ]
    },
    {
      "module": "module.repo_verify_self_service_infrastructure",
      "mode": "managed",
      "type": "github_team_repository",
      "name": "repo_team_push",
      "each": "list",
      "provider": "provider.github",
      "instances": [
        {
          "index_key": 0,
          "schema_version": 0,
          "attributes": {
            "etag": "W/\"a3e8b11fe5f51a83a24c2a8714db5397\"",
            "id": "2826122:verify-self-service-infrastructure",
            "permission": "push",
            "repository": "verify-self-service-infrastructure",
            "team_id": "2826122"
          },
          "depends_on": [
            "github_repository.repo"
          ]
        }
      ]
    },
    {
      "module": "module.repo_verify_blackbox_passwords",
      "mode": "managed",
      "type": "github_team_repository",
      "name": "repo_team_push",
      "each": "list",
      "provider": "provider.github",
      "instances": [
        {
          "index_key": 0,
          "schema_version": 0,
          "attributes": {
            "etag": "W/\"a1940e81bc713a9bf30cfc588641ab27\"",
            "id": "2826122:verify-blackbox-passwords",
            "permission": "push",
            "repository": "verify-blackbox-passwords",
            "team_id": "2826122"
          },
          "depends_on": [
            "data.github_team.push_teams",
            "github_repository.repo"
          ]
        },
        {
          "index_key": 1,
          "schema_version": 0,
          "attributes": {
            "etag": "W/\"a1940e81bc713a9bf30cfc588641ab27\"",
            "id": "2826127:verify-blackbox-passwords",
            "permission": "push",
            "repository": "verify-blackbox-passwords",
            "team_id": "2826127"
          },
          "depends_on": [
            "data.github_team.push_teams",
            "github_repository.repo"
          ]
        }
      ]
    },
    {
      "module": "module.repo_verify_hub_federation_config",
      "mode": "managed",
      "type": "github_team_repository",
      "name": "repo_team_push",
      "each": "list",
      "provider": "provider.github",
      "instances": [
        {
          "index_key": 0,
          "schema_version": 0,
          "attributes": {
            "etag": "W/\"8e198d5fd80c314b7bfafa8b7034b4d9\"",
            "id": "2826122:verify-hub-federation-config",
            "permission": "push",
            "repository": "verify-hub-federation-config",
            "team_id": "2826122"
          },
          "depends_on": [
            "data.github_team.teams",
            "github_repository.repo"
          ]
        }
      ]
    },
    {
      "module": "module.repo_verify_test_repo",
      "mode": "managed",
      "type": "github_team_repository",
      "name": "repo_team_push",
      "each": "list",
      "provider": "provider.github",
      "instances": [
        {
          "index_key": 0,
          "schema_version": 0,
          "attributes": {
            "etag": "W/\"274389c345701c705d76816f4cec7024\"",
            "id": "2826122:verify-test-repo",
            "permission": "push",
            "repository": "verify-test-repo",
            "team_id": "2826122"
          },
          "depends_on": [
            "data.github_team.teams",
            "github_repository.repo"
          ]
        }
      ]
    },
    {
      "module": "module.repo_verify_proxy_node_infra",
      "mode": "managed",
      "type": "github_team_repository",
      "name": "repo_team_push",
      "each": "list",
      "provider": "provider.github",
      "instances": [
        {
          "index_key": 0,
          "schema_version": 0,
          "attributes": {
            "etag": "W/\"05033c9ced707223026876d7fc5694c1\"",
            "id": "2826126:verify-proxy-node-infra",
            "permission": "push",
            "repository": "verify-proxy-node-infra",
            "team_id": "2826126"
          },
          "depends_on": [
            "data.github_team.push_teams",
            "github_repository.repo"
          ]
        },
        {
          "index_key": 1,
          "schema_version": 0,
          "attributes": {
            "etag": "W/\"05033c9ced707223026876d7fc5694c1\"",
            "id": "2826127:verify-proxy-node-infra",
            "permission": "push",
            "repository": "verify-proxy-node-infra",
            "team_id": "2826127"
          },
          "depends_on": [
            "data.github_team.push_teams",
            "github_repository.repo"
          ]
        }
      ]
    },
    {
      "module": "module.repo_metadata_checker",
      "mode": "managed",
      "type": "github_team_repository",
      "name": "repo_team_push",
      "each": "list",
      "provider": "provider.github",
      "instances": [
        {
          "index_key": 0,
          "schema_version": 0,
          "attributes": {
            "etag": "W/\"6b604d78834958255c419645ff084024\"",
            "id": "2826122:metadata-checker",
            "permission": "push",
            "repository": "metadata-checker",
            "team_id": "2826122"
          },
          "depends_on": [
            "data.github_team.push_teams",
            "github_repository.repo"
          ]
        },
        {
          "index_key": 1,
          "schema_version": 0,
          "attributes": {
            "etag": "W/\"6b604d78834958255c419645ff084024\"",
            "id": "2826127:metadata-checker",
            "permission": "push",
            "repository": "metadata-checker",
            "team_id": "2826127"
          },
          "depends_on": [
            "data.github_team.push_teams",
            "github_repository.repo"
          ]
        }
      ]
    },
    {
      "module": "module.repo_verify_terraform",
      "mode": "managed",
      "type": "github_team_repository",
      "name": "repo_team_push",
      "each": "list",
      "provider": "provider.github",
      "instances": [
        {
          "index_key": 0,
          "schema_version": 0,
          "attributes": {
            "etag": "W/\"cac8aa36088452a666e77fd7071ac0c7\"",
            "id": "2826122:verify-terraform",
            "permission": "push",
            "repository": "verify-terraform",
            "team_id": "2826122"
          },
          "depends_on": [
            "data.github_team.push_teams",
            "github_repository.repo"
          ]
        },
        {
          "index_key": 1,
          "schema_version": 0,
          "attributes": {
            "etag": "W/\"cac8aa36088452a666e77fd7071ac0c7\"",
            "id": "2826127:verify-terraform",
            "permission": "push",
            "repository": "verify-terraform",
            "team_id": "2826127"
          },
          "depends_on": [
            "data.github_team.push_teams",
            "github_repository.repo"
          ]
        }
      ]
    },
    {
      "module": "module.repo_splunk_library_javalogging",
      "mode": "managed",
      "type": "github_team_repository",
      "name": "repo_team_push",
      "each": "list",
      "provider": "provider.github",
      "instances": [
        {
          "index_key": 0,
          "schema_version": 0,
          "attributes": {
            "etag": "W/\"3d79e7bd7e084668b899b9d7d10a23ee\"",
            "id": "2826122:splunk-library-javalogging",
            "permission": "push",
            "repository": "splunk-library-javalogging",
            "team_id": "2826122"
          },
          "depends_on": [
            "github_repository.repo"
          ]
        }
      ]
    },
    {
      "module": "module.repo_verify_support_form",
      "mode": "managed",
      "type": "github_team_repository",
      "name": "repo_team_push",
      "each": "list",
      "provider": "provider.github",
      "instances": [
        {
          "index_key": 0,
          "schema_version": 0,
          "attributes": {
            "etag": "W/\"aec2bea52528608f893db67fe79e123d\"",
            "id": "2826122:verify-support-form",
            "permission": "push",
            "repository": "verify-support-form",
            "team_id": "2826122"
          },
          "depends_on": [
            "data.github_team.push_teams",
            "github_repository.repo"
          ]
        }
      ]
    },
    {
      "module": "module.repo_verify_eidas_mw_config_generator",
      "mode": "managed",
      "type": "github_team_repository",
      "name": "repo_team_push",
      "each": "list",
      "provider": "provider.github",
      "instances": [
        {
          "index_key": 0,
          "schema_version": 0,
          "attributes": {
            "etag": "W/\"02348fe387d7d763f8cc8bc003ecd55c\"",
            "id": "2826126:verify-eidas-mw-config-generator",
            "permission": "push",
            "repository": "verify-eidas-mw-config-generator",
            "team_id": "2826126"
          },
          "depends_on": [
            "data.github_team.push_teams",
            "github_repository.repo"
          ]
        }
      ]
    },
    {
      "module": "module.repo_verify_infrastructure_config",
      "mode": "managed",
      "type": "github_team_repository",
      "name": "repo_team_push",
      "each": "list",
      "provider": "provider.github",
      "instances": [
        {
          "index_key": 0,
          "schema_version": 0,
          "attributes": {
            "etag": "W/\"41182af780884c79d5349d9f2c4b7a39\"",
            "id": "2826122:verify-infrastructure-config",
            "permission": "push",
            "repository": "verify-infrastructure-config",
            "team_id": "2826122"
          },
          "depends_on": [
            "data.github_team.push_teams",
            "github_repository.repo"
          ]
        },
        {
          "index_key": 1,
          "schema_version": 0,
          "attributes": {
            "etag": "W/\"41182af780884c79d5349d9f2c4b7a39\"",
            "id": "2826127:verify-infrastructure-config",
            "permission": "push",
            "repository": "verify-infrastructure-config",
            "team_id": "2826127"
          },
          "depends_on": [
            "data.github_team.push_teams",
            "github_repository.repo"
          ]
        }
      ]
    },
    {
      "module": "module.repo_verify_stub_idp_federation_config",
      "mode": "managed",
      "type": "github_team_repository",
      "name": "repo_team_push",
      "each": "list",
      "provider": "provider.github",
      "instances": [
        {
          "index_key": 0,
          "schema_version": 0,
          "attributes": {
            "etag": "W/\"c90b1f718986ef319e89652c6b4f17d6\"",
            "id": "2826122:verify-stub-idp-federation-config",
            "permission": "push",
            "repository": "verify-stub-idp-federation-config",
            "team_id": "2826122"
          },
          "depends_on": [
            "data.github_team.teams",
            "github_repository.repo"
          ]
        }
      ]
    },
    {
      "module": "module.repo_verify_fabric",
      "mode": "managed",
      "type": "github_team_repository",
      "name": "repo_team_push",
      "each": "list",
      "provider": "provider.github",
      "instances": [
        {
          "index_key": 0,
          "schema_version": 0,
          "attributes": {
            "etag": "W/\"f2c9719527d5035d9bfe1308ad55e4f2\"",
            "id": "2826122:verify-fabric",
            "permission": "push",
            "repository": "verify-fabric",
            "team_id": "2826122"
          },
          "depends_on": [
            "data.github_team.push_teams",
            "github_repository.repo"
          ]
        },
        {
          "index_key": 1,
          "schema_version": 0,
          "attributes": {
            "etag": "W/\"f2c9719527d5035d9bfe1308ad55e4f2\"",
            "id": "2826127:verify-fabric",
            "permission": "push",
            "repository": "verify-fabric",
            "team_id": "2826127"
          },
          "depends_on": [
            "data.github_team.push_teams",
            "github_repository.repo"
          ]
        }
      ]
    },
    {
      "module": "module.repo_verify_service_provider",
      "mode": "managed",
      "type": "github_team_repository",
      "name": "repo_team_push",
      "each": "list",
      "provider": "provider.github",
      "instances": [
        {
          "index_key": 0,
          "schema_version": 0,
          "attributes": {
            "etag": "W/\"e00a1d442fc8d71b200669e445275e10\"",
            "id": "2826122:verify-service-provider",
            "permission": "push",
            "repository": "verify-service-provider",
            "team_id": "2826122"
          },
          "depends_on": [
            "data.github_team.push_teams",
            "github_repository.repo"
          ]
        }
      ]
    },
    {
      "module": "module.repo_verify_dashing",
      "mode": "managed",
      "type": "github_team_repository",
      "name": "repo_team_push",
      "each": "list",
      "provider": "provider.github",
      "instances": [
        {
          "index_key": 0,
          "schema_version": 0,
          "attributes": {
            "etag": "W/\"52f274e14113a8677f9c3d854ba4e1eb\"",
            "id": "2826122:verify-dashing",
            "permission": "push",
            "repository": "verify-dashing",
            "team_id": "2826122"
          },
          "depends_on": [
            "github_repository.repo"
          ]
        }
      ]
    },
    {
      "module": "module.repo_passport_verify_stub_relying_party",
      "mode": "managed",
      "type": "github_team_repository",
      "name": "repo_team_push",
      "each": "list",
      "provider": "provider.github",
      "instances": [
        {
          "index_key": 0,
          "schema_version": 0,
          "attributes": {
            "etag": "W/\"1bc2fbf1ecbe5ffa45821001dacedc25\"",
            "id": "2826122:passport-verify-stub-relying-party",
            "permission": "push",
            "repository": "passport-verify-stub-relying-party",
            "team_id": "2826122"
          },
          "depends_on": [
            "data.github_team.push_teams",
            "github_repository.repo"
          ]
        }
      ]
    },
    {
      "module": "module.repo_verify_frontend_federation_config",
      "mode": "managed",
      "type": "github_team_repository",
      "name": "repo_team_push",
      "each": "list",
      "provider": "provider.github",
      "instances": [
        {
          "index_key": 0,
          "schema_version": 0,
          "attributes": {
            "etag": "W/\"9bb45d400a017b0dbc63efbb67ce9f17\"",
            "id": "2826122:verify-frontend-federation-config",
            "permission": "push",
            "repository": "verify-frontend-federation-config",
            "team_id": "2826122"
          },
          "depends_on": [
            "data.github_team.push_teams",
            "github_repository.repo"
          ]
        }
      ]
    },
    {
      "module": "module.repo_verify_event_recorder_service",
      "mode": "managed",
      "type": "github_team_repository",
      "name": "repo_team_push",
      "each": "list",
      "provider": "provider.github",
      "instances": [
        {
          "index_key": 0,
          "schema_version": 0,
          "attributes": {
            "etag": "W/\"edadd5262ba52761324dcf0b533381e3\"",
            "id": "2826122:verify-event-recorder-service",
            "permission": "push",
            "repository": "verify-event-recorder-service",
            "team_id": "2826122"
          },
          "depends_on": [
            "data.github_team.teams",
            "github_repository.repo"
          ]
        }
      ]
    },
    {
      "module": "module.repo_passport_verify",
      "mode": "managed",
      "type": "github_team_repository",
      "name": "repo_team_push",
      "each": "list",
      "provider": "provider.github",
      "instances": [
        {
          "index_key": 0,
          "schema_version": 0,
          "attributes": {
            "etag": "W/\"563b455a0265ddbd894865f603d811d5\"",
            "id": "2826122:passport-verify",
            "permission": "push",
            "repository": "passport-verify",
            "team_id": "2826122"
          },
          "depends_on": [
            "data.github_team.push_teams",
            "github_repository.repo"
          ]
        }
      ]
    },
    {
      "module": "module.repo_verify_utils_libs",
      "mode": "managed",
      "type": "github_team_repository",
      "name": "repo_team_push",
      "each": "list",
      "provider": "provider.github",
      "instances": [
        {
          "index_key": 0,
          "schema_version": 0,
          "attributes": {
            "etag": "W/\"7d57f4308ec7f95a6b503e46b3e3ae60\"",
            "id": "2826122:verify-utils-libs",
            "permission": "push",
            "repository": "verify-utils-libs",
            "team_id": "2826122"
          },
          "depends_on": [
            "data.github_team.teams",
            "github_repository.repo"
          ]
        }
      ]
    },
    {
      "module": "module.repo_verify_metadata",
      "mode": "managed",
      "type": "github_team_repository",
      "name": "repo_team_push",
      "each": "list",
      "provider": "provider.github",
      "instances": [
        {
          "index_key": 0,
          "schema_version": 0,
          "attributes": {
            "etag": "W/\"33e2b1a9a8cf805fd474f86050c8cf5c\"",
            "id": "2826122:verify-metadata",
            "permission": "push",
            "repository": "verify-metadata",
            "team_id": "2826122"
          },
          "depends_on": [
            "data.github_team.teams",
            "github_repository.repo"
          ]
        }
      ]
    },
    {
      "module": "module.repo_verify_datascience_sandbox",
      "mode": "managed",
      "type": "github_team_repository",
      "name": "repo_team_push",
      "each": "list",
      "provider": "provider.github",
      "instances": [
        {
          "index_key": 0,
          "schema_version": 0,
          "attributes": {
            "etag": "W/\"7a1b621f04f46608c337c74ecb61b13b\"",
            "id": "2826122:verify-datascience-sandbox",
            "permission": "push",
            "repository": "verify-datascience-sandbox",
            "team_id": "2826122"
          },
          "depends_on": [
            "data.github_team.push_teams",
            "github_repository.repo"
          ]
        }
      ]
    },
    {
      "module": "module.repo_verify_jenkins_job_builder",
      "mode": "managed",
      "type": "github_team_repository",
      "name": "repo_team_push",
      "each": "list",
      "provider": "provider.github",
      "instances": [
        {
          "index_key": 0,
          "schema_version": 0,
          "attributes": {
            "etag": "W/\"64aed41906fbb44ae90ed53bc8b90fe0\"",
            "id": "2826122:verify-jenkins-job-builder",
            "permission": "push",
            "repository": "verify-jenkins-job-builder",
            "team_id": "2826122"
          },
          "depends_on": [
            "data.github_team.push_teams",
            "github_repository.repo"
          ]
        },
        {
          "index_key": 1,
          "schema_version": 0,
          "attributes": {
            "etag": "W/\"64aed41906fbb44ae90ed53bc8b90fe0\"",
            "id": "2826127:verify-jenkins-job-builder",
            "permission": "push",
            "repository": "verify-jenkins-job-builder",
            "team_id": "2826127"
          },
          "depends_on": [
            "data.github_team.push_teams",
            "github_repository.repo"
          ]
        }
      ]
    },
    {
      "module": "module.repo_verify_matching_service_adapter",
      "mode": "managed",
      "type": "github_team_repository",
      "name": "repo_team_push",
      "each": "list",
      "provider": "provider.github",
      "instances": [
        {
          "index_key": 0,
          "schema_version": 0,
          "attributes": {
            "etag": "W/\"f8b37f7a6e5918b8d7782885e76155eb\"",
            "id": "2826122:verify-matching-service-adapter",
            "permission": "push",
            "repository": "verify-matching-service-adapter",
            "team_id": "2826122"
          },
          "depends_on": [
            "data.github_team.teams",
            "github_repository.repo"
          ]
        }
      ]
    },
    {
      "module": "module.repo_verify_data_pipeline_config",
      "mode": "managed",
      "type": "github_team_repository",
      "name": "repo_team_push",
      "each": "list",
      "provider": "provider.github",
      "instances": [
        {
          "index_key": 0,
          "schema_version": 0,
          "attributes": {
            "etag": "W/\"244d640605f59d4f7f729fe9142cf603\"",
            "id": "2826122:verify-data-pipeline-config",
            "permission": "push",
            "repository": "verify-data-pipeline-config",
            "team_id": "2826122"
          },
          "depends_on": [
            "data.github_team.push_teams",
            "github_repository.repo"
          ]
        }
      ]
    },
    {
      "module": "module.repo_verify_acceptance_tests",
      "mode": "managed",
      "type": "github_team_repository",
      "name": "repo_team_push",
      "each": "list",
      "provider": "provider.github",
      "instances": [
        {
          "index_key": 0,
          "schema_version": 0,
          "attributes": {
            "etag": "W/\"eb012fad5b4519a0f31ea6af264e0ed9\"",
            "id": "2826122:verify-acceptance-tests",
            "permission": "push",
            "repository": "verify-acceptance-tests",
            "team_id": "2826122"
          },
          "depends_on": [
            "data.github_team.teams",
            "github_repository.repo"
          ]
        }
      ]
    },
    {
      "module": "module.repo_verify_stub_idp",
      "mode": "managed",
      "type": "github_team_repository",
      "name": "repo_team_push",
      "each": "list",
      "provider": "provider.github",
      "instances": [
        {
          "index_key": 0,
          "schema_version": 0,
          "attributes": {
            "etag": "W/\"09ac3086974d17fdb63051649813002a\"",
            "id": "2826122:verify-stub-idp",
            "permission": "push",
            "repository": "verify-stub-idp",
            "team_id": "2826122"
          },
          "depends_on": [
            "data.github_team.teams",
            "github_repository.repo"
          ]
        }
      ]
    },
    {
      "module": "module.repo_verify_data_schemas",
      "mode": "managed",
      "type": "github_team_repository",
      "name": "repo_team_push",
      "each": "list",
      "provider": "provider.github",
      "instances": [
        {
          "index_key": 0,
          "schema_version": 0,
          "attributes": {
            "etag": "W/\"9100a663d12dbb93196213ac240ca37b\"",
            "id": "2826122:verify-data-schemas",
            "permission": "pull",
            "repository": "verify-data-schemas",
            "team_id": "2826122"
          },
          "depends_on": [
            "data.github_team.push_teams",
            "github_repository.repo"
          ]
        }
      ]
    },
    {
      "module": "module.repo_ida_hub_acceptance_tests",
      "mode": "managed",
      "type": "github_team_repository",
      "name": "repo_team_push",
      "each": "list",
      "provider": "provider.github",
      "instances": [
        {
          "index_key": 0,
          "schema_version": 0,
          "attributes": {
            "etag": "W/\"f83d611c0c45f60db025f0d24a4384e9\"",
            "id": "2826122:ida-hub-acceptance-tests",
            "permission": "push",
            "repository": "ida-hub-acceptance-tests",
            "team_id": "2826122"
          },
          "depends_on": [
            "data.github_team.teams",
            "github_repository.repo"
          ]
        }
      ]
    },
    {
      "module": "module.repo_dcs_client",
      "mode": "managed",
      "type": "github_team_repository",
      "name": "repo_team_push",
      "each": "list",
      "provider": "provider.github",
      "instances": [
        {
          "index_key": 0,
          "schema_version": 0,
          "attributes": {
            "etag": "W/\"eb5943389e5d367057855f064a6714b7\"",
            "id": "2826122:dcs-client",
            "permission": "push",
            "repository": "dcs-client",
            "team_id": "2826122"
          },
          "depends_on": [
            "data.github_team.push_teams",
            "github_repository.repo"
          ]
        }
      ]
    },
    {
      "module": "module.repo_verify_saml_libs",
      "mode": "managed",
      "type": "github_team_repository",
      "name": "repo_team_push",
      "each": "list",
      "provider": "provider.github",
      "instances": [
        {
          "index_key": 0,
          "schema_version": 0,
          "attributes": {
            "etag": "W/\"94ea34b68e25cb2d8fc84728daef8f4f\"",
            "id": "2826122:verify-saml-libs",
            "permission": "push",
            "repository": "verify-saml-libs",
            "team_id": "2826122"
          },
          "depends_on": [
            "data.github_team.teams",
            "github_repository.repo"
          ]
        }
      ]
    },
    {
      "module": "module.repo_verify_tech_team",
      "mode": "managed",
      "type": "github_team_repository",
      "name": "repo_team_push",
      "each": "list",
      "provider": "provider.github",
      "instances": [
        {
          "index_key": 0,
          "schema_version": 0,
          "attributes": {
            "etag": "W/\"3b2e3b6aec57ebd765e61e3d049a221d\"",
            "id": "2826122:verify-tech-team",
            "permission": "push",
            "repository": "verify-tech-team",
            "team_id": "2826122"
          },
          "depends_on": [
            "data.github_team.push_teams",
            "github_repository.repo"
          ]
        }
      ]
    },
    {
      "module": "module.repo_verify_proxy_node",
      "mode": "managed",
      "type": "github_team_repository",
      "name": "repo_team_push",
      "each": "list",
      "provider": "provider.github",
      "instances": [
        {
          "index_key": 0,
          "schema_version": 0,
          "attributes": {
            "etag": "W/\"590e4721c58ae5a056099f8a18673d40\"",
            "id": "2826126:verify-proxy-node",
            "permission": "push",
            "repository": "verify-proxy-node",
            "team_id": "2826126"
          },
          "depends_on": [
            "data.github_team.push_teams",
            "github_repository.repo"
          ]
        }
      ]
    },
    {
      "module": "module.repo_verify_event_infrastructure",
      "mode": "managed",
      "type": "github_team_repository",
      "name": "repo_team_push",
      "each": "list",
      "provider": "provider.github",
      "instances": [
        {
          "index_key": 0,
          "schema_version": 0,
          "attributes": {
            "etag": "W/\"38def18ec092f95d1a2aaa34ed4df7b8\"",
            "id": "2826122:verify-event-infrastructure",
            "permission": "push",
            "repository": "verify-event-infrastructure",
            "team_id": "2826122"
          },
          "depends_on": [
            "data.github_team.push_teams",
            "github_repository.repo"
          ]
        },
        {
          "index_key": 1,
          "schema_version": 0,
          "attributes": {
            "etag": "W/\"38def18ec092f95d1a2aaa34ed4df7b8\"",
            "id": "2826127:verify-event-infrastructure",
            "permission": "push",
            "repository": "verify-event-infrastructure",
            "team_id": "2826127"
          },
          "depends_on": [
            "data.github_team.push_teams",
            "github_repository.repo"
          ]
        }
      ]
    }
  ]
}
