{
  "version": 4,
  "terraform_version": "0.12.1",
  "serial": 252,
  "lineage": "e05ac5fe-9a52-a058-fa84-c98012a6fa07",
  "outputs": {},
  "resources": [
    {
      "mode": "data",
      "type": "github_team",
      "name": "core",
      "provider": "provider.github",
      "instances": [
        {
          "schema_version": 0,
          "attributes": {
            "description": "Verify tech team: verify-tech-team-core",
            "id": "2826122",
            "members": [
              "idrop",
              "46bit",
              "galund",
              "issyl0",
              "mrwilson",
              "philandstuff",
              "chrisholmes",
              "thomasalanlee",
              "tlwr",
              "kerrr",
              "zilnhoj",
              "Todai88",
              "robinmitra",
              "brenetic",
              "nacnudus",
              "CharlesIC",
              "jkunle",
              "sakisv",
              "ronocg",
              "Rosa-Fox",
              "AnneCarr",
              "ida-build-bot",
              "chrisclayson",
              "blairboy362",
              "Wynndow",
              "andy-paine",
              "tomrosier",
              "bjgill",
              "RacingHippo",
              "bravegrape"
            ],
            "name": "verify-tech-team-core",
            "permission": "pull",
            "privacy": "closed",
            "slug": "verify-tech-team-core"
          }
        }
      ]
    },
    {
      "mode": "data",
      "type": "github_team",
      "name": "eidas",
      "provider": "provider.github",
      "instances": [
        {
          "schema_version": 0,
          "attributes": {
            "description": "Verify tech team: verify-tech-team-eidas",
            "id": "2826126",
            "members": [
              "idrop",
              "chrisholmes",
              "thomasalanlee",
              "CharlesIC",
              "ida-build-bot",
              "blairboy362",
              "Wynndow",
              "tomrosier",
              "benjamin-mortimer",
              "JHjava",
              "dbes-gds",
              "JohnWattsGDS",
              "ida-codacy-bot"
            ],
            "name": "verify-tech-team-eidas",
            "permission": "pull",
            "privacy": "closed",
            "slug": "verify-tech-team-eidas"
          }
        }
      ]
    },
    {
      "mode": "data",
      "type": "github_team",
      "name": "infrastructure",
      "provider": "provider.github",
      "instances": [
        {
          "schema_version": 0,
          "attributes": {
            "description": "Verify tech team: verify-tech-team-infrastructure",
            "id": "2826127",
            "members": [
              "46bit",
              "issyl0",
              "philandstuff",
              "chrisholmes",
              "thomasalanlee",
              "mmhmm",
              "tlwr",
              "sakisv",
              "stephengrier",
              "smford",
              "blairboy362",
              "andy-paine",
              "jstandring-gds",
              "adityapahuja",
              "rhowe-gds",
              "szd55gds"
            ],
            "name": "verify-tech-team-infrastructure",
            "permission": "pull",
            "privacy": "closed",
            "slug": "verify-tech-team-infrastructure"
          }
        }
      ]
    },
    {
      "module": "module.repo_verify_local_startup",
      "mode": "managed",
      "type": "github_branch_protection",
      "name": "repo_protect_master",
      "each": "list",
      "provider": "provider.github",
      "instances": [
        {
          "index_key": 0,
          "schema_version": 0,
          "attributes": {
            "branch": "master",
            "enforce_admins": false,
            "etag": "W/\"1181ce66610932bfe2a6ca5f44e8ca76\"",
            "id": "verify-local-startup:master",
            "repository": "verify-local-startup",
            "required_pull_request_reviews": [
              {
                "dismiss_stale_reviews": true,
                "dismissal_teams": [],
                "dismissal_users": [],
                "include_admins": false,
                "require_code_owner_reviews": false,
                "required_approving_review_count": 2
              }
            ],
            "required_status_checks": [],
            "restrictions": []
          },
          "depends_on": [
            "github_repository.repo"
          ]
        }
      ]
    },
    {
      "module": "module.repo_verify_support_form",
      "mode": "managed",
      "type": "github_branch_protection",
      "name": "repo_protect_master",
      "each": "list",
      "provider": "provider.github",
      "instances": [
        {
          "index_key": 0,
          "schema_version": 0,
          "attributes": {
            "branch": "master",
            "enforce_admins": false,
            "etag": "W/\"5bd74ce000ea8a08fc15c709ad1ad82f\"",
            "id": "verify-support-form:master",
            "repository": "verify-support-form",
            "required_pull_request_reviews": [
              {
                "dismiss_stale_reviews": true,
                "dismissal_teams": [],
                "dismissal_users": [],
                "include_admins": false,
                "require_code_owner_reviews": false,
                "required_approving_review_count": 2
              }
            ],
            "required_status_checks": [],
            "restrictions": []
          }
        }
      ]
    },
    {
      "module": "module.repo_verify_self_service_infrastructure",
      "mode": "managed",
      "type": "github_branch_protection",
      "name": "repo_protect_master",
      "each": "list",
      "provider": "provider.github",
      "instances": [
        {
          "index_key": 0,
          "schema_version": 0,
          "attributes": {
            "branch": "master",
            "enforce_admins": false,
            "etag": "W/\"a6f271c52f1a55232187f21d380151d2\"",
            "id": "verify-self-service-infrastructure:master",
            "repository": "verify-self-service-infrastructure",
            "required_pull_request_reviews": [
              {
                "dismiss_stale_reviews": true,
                "dismissal_teams": [],
                "dismissal_users": [],
                "include_admins": false,
                "require_code_owner_reviews": false,
                "required_approving_review_count": 2
              }
            ],
            "required_status_checks": [],
            "restrictions": []
          },
          "depends_on": [
            "github_repository.repo"
          ]
        }
      ]
    },
    {
      "module": "module.repo_verify_hub_federation_config",
      "mode": "managed",
      "type": "github_branch_protection",
      "name": "repo_protect_master",
      "each": "list",
      "provider": "provider.github",
      "instances": [
        {
          "index_key": 0,
          "schema_version": 0,
          "attributes": {
            "branch": "master",
            "enforce_admins": false,
            "etag": "W/\"50646865c845bccf8f1d04049872aa39\"",
            "id": "verify-hub-federation-config:master",
            "repository": "verify-hub-federation-config",
            "required_pull_request_reviews": [
              {
                "dismiss_stale_reviews": true,
                "dismissal_teams": [],
                "dismissal_users": [],
                "include_admins": false,
                "require_code_owner_reviews": false,
                "required_approving_review_count": 2
              }
            ],
            "required_status_checks": [],
            "restrictions": []
          }
        }
      ]
    },
    {
      "module": "module.repo_verify_eidas_mw_config_generator",
      "mode": "managed",
      "type": "github_branch_protection",
      "name": "repo_protect_master",
      "each": "list",
      "provider": "provider.github",
      "instances": [
        {
          "index_key": 0,
          "schema_version": 0,
          "attributes": {
            "branch": "master",
            "enforce_admins": false,
            "etag": "W/\"37aa4cd29557413816a4215aa14f2e0e\"",
            "id": "verify-eidas-mw-config-generator:master",
            "repository": "verify-eidas-mw-config-generator",
            "required_pull_request_reviews": [
              {
                "dismiss_stale_reviews": true,
                "dismissal_teams": [],
                "dismissal_users": [],
                "include_admins": false,
                "require_code_owner_reviews": false,
                "required_approving_review_count": 2
              }
            ],
            "required_status_checks": [],
            "restrictions": []
          },
          "depends_on": [
            "github_repository.repo"
          ]
        }
      ]
    },
    {
      "module": "module.repo_verify_event_system_database_scripts",
      "mode": "managed",
      "type": "github_branch_protection",
      "name": "repo_protect_master",
      "each": "list",
      "provider": "provider.github",
      "instances": [
        {
          "index_key": 0,
          "schema_version": 0,
          "attributes": {
            "branch": "master",
            "enforce_admins": false,
            "etag": "W/\"4f81696ff39a508694120586b4b4a07d\"",
            "id": "verify-event-system-database-scripts:master",
            "repository": "verify-event-system-database-scripts",
            "required_pull_request_reviews": [
              {
                "dismiss_stale_reviews": true,
                "dismissal_teams": [],
                "dismissal_users": [],
                "include_admins": false,
                "require_code_owner_reviews": false,
                "required_approving_review_count": 2
              }
            ],
            "required_status_checks": [],
            "restrictions": []
          },
          "depends_on": [
            "github_repository.repo"
          ]
        }
      ]
    },
    {
      "module": "module.repo_verify_performance_scripts",
      "mode": "managed",
      "type": "github_branch_protection",
      "name": "repo_protect_master",
      "each": "list",
      "provider": "provider.github",
      "instances": [
        {
          "index_key": 0,
          "schema_version": 0,
          "attributes": {
            "branch": "master",
            "enforce_admins": false,
            "etag": "W/\"a4ff0d8afd2f32217b8ae5f32bc8d61f\"",
            "id": "verify-performance-scripts:master",
            "repository": "verify-performance-scripts",
            "required_pull_request_reviews": [
              {
                "dismiss_stale_reviews": true,
                "dismissal_teams": [],
                "dismissal_users": [],
                "include_admins": false,
                "require_code_owner_reviews": false,
                "required_approving_review_count": 2
              }
            ],
            "required_status_checks": [],
            "restrictions": []
          },
          "depends_on": [
            "github_repository.repo"
          ]
        }
      ]
    },
    {
      "module": "module.repo_verify_infrastructure_config",
      "mode": "managed",
      "type": "github_branch_protection",
      "name": "repo_protect_master",
      "each": "list",
      "provider": "provider.github",
      "instances": [
        {
          "index_key": 0,
          "schema_version": 0,
          "attributes": {
            "branch": "master",
            "enforce_admins": false,
            "etag": "W/\"66006aa2080a87151fd341b1a4d0cf5a\"",
            "id": "verify-infrastructure-config:master",
            "repository": "verify-infrastructure-config",
            "required_pull_request_reviews": [
              {
                "dismiss_stale_reviews": true,
                "dismissal_teams": [],
                "dismissal_users": [],
                "include_admins": false,
                "require_code_owner_reviews": false,
                "required_approving_review_count": 2
              }
            ],
            "required_status_checks": [],
            "restrictions": []
          },
          "depends_on": [
            "github_repository.repo"
          ]
        }
      ]
    },
    {
      "module": "module.repo_verify_frontend_federation_config",
      "mode": "managed",
      "type": "github_branch_protection",
      "name": "repo_protect_master",
      "each": "list",
      "provider": "provider.github",
      "instances": [
        {
          "index_key": 0,
          "schema_version": 0,
          "attributes": {
            "branch": "master",
            "enforce_admins": false,
            "etag": "W/\"7e4dbc918eff0292f9b4e36655abb6b8\"",
            "id": "verify-frontend-federation-config:master",
            "repository": "verify-frontend-federation-config",
            "required_pull_request_reviews": [
              {
                "dismiss_stale_reviews": true,
                "dismissal_teams": [],
                "dismissal_users": [],
                "include_admins": false,
                "require_code_owner_reviews": false,
                "required_approving_review_count": 2
              }
            ],
            "required_status_checks": [],
            "restrictions": []
          }
        }
      ]
    },
    {
      "module": "module.repo_verify_datascience_sandbox",
      "mode": "managed",
      "type": "github_branch_protection",
      "name": "repo_protect_master",
      "each": "list",
      "provider": "provider.github",
      "instances": [
        {
          "index_key": 0,
          "schema_version": 0,
          "attributes": {
            "branch": "master",
            "enforce_admins": false,
            "etag": "W/\"3e91b7f87557015038a0c5625cc03d4c\"",
            "id": "verify-datascience-sandbox:master",
            "repository": "verify-datascience-sandbox",
            "required_pull_request_reviews": [
              {
                "dismiss_stale_reviews": true,
                "dismissal_teams": [],
                "dismissal_users": [],
                "include_admins": false,
                "require_code_owner_reviews": false,
                "required_approving_review_count": 2
              }
            ],
            "required_status_checks": [],
            "restrictions": []
          },
          "depends_on": [
            "github_repository.repo"
          ]
        }
      ]
    },
    {
      "module": "module.repo_ida_hub_support",
      "mode": "managed",
      "type": "github_branch_protection",
      "name": "repo_protect_master",
      "each": "list",
      "provider": "provider.github",
      "instances": [
        {
          "index_key": 0,
          "schema_version": 0,
          "attributes": {
            "branch": "master",
            "enforce_admins": false,
            "etag": "W/\"ab60ea485f5369ac649cd24435d7b786\"",
            "id": "ida-hub-support:master",
            "repository": "ida-hub-support",
            "required_pull_request_reviews": [
              {
                "dismiss_stale_reviews": true,
                "dismissal_teams": [],
                "dismissal_users": [],
                "include_admins": false,
                "require_code_owner_reviews": false,
                "required_approving_review_count": 2
              }
            ],
            "required_status_checks": [],
            "restrictions": []
          }
        }
      ]
    },
    {
      "module": "module.repo_verify_eidas_mw_run",
      "mode": "managed",
      "type": "github_branch_protection",
      "name": "repo_protect_master",
      "each": "list",
      "provider": "provider.github",
      "instances": [
        {
          "index_key": 0,
          "schema_version": 0,
          "attributes": {
            "branch": "master",
            "enforce_admins": false,
            "etag": "W/\"aedd4af1329746df7b9758cad0c8aacd\"",
            "id": "verify-eidas-mw-run:master",
            "repository": "verify-eidas-mw-run",
            "required_pull_request_reviews": [
              {
                "dismiss_stale_reviews": true,
                "dismissal_teams": [],
                "dismissal_users": [],
                "include_admins": false,
                "require_code_owner_reviews": false,
                "required_approving_review_count": 2
              }
            ],
            "required_status_checks": [],
            "restrictions": []
          },
          "depends_on": [
            "github_repository.repo"
          ]
        }
      ]
    },
    {
      "module": "module.repo_verify_boxes",
      "mode": "managed",
      "type": "github_branch_protection",
      "name": "repo_protect_master",
      "each": "list",
      "provider": "provider.github",
      "instances": [
        {
          "index_key": 0,
          "schema_version": 0,
          "attributes": {
            "branch": "master",
            "enforce_admins": false,
            "etag": "W/\"98c94f17bd469049b3132ed0c9dd0806\"",
            "id": "verify-boxes:master",
            "repository": "verify-boxes",
            "required_pull_request_reviews": [
              {
                "dismiss_stale_reviews": true,
                "dismissal_teams": [],
                "dismissal_users": [],
                "include_admins": false,
                "require_code_owner_reviews": false,
                "required_approving_review_count": 2
              }
            ],
            "required_status_checks": [],
            "restrictions": []
          }
        }
      ]
    },
    {
      "module": "module.repo_verify_frontend",
      "mode": "managed",
      "type": "github_branch_protection",
      "name": "repo_protect_master",
      "each": "list",
      "provider": "provider.github",
      "instances": [
        {
          "index_key": 0,
          "schema_version": 0,
          "attributes": {
            "branch": "master",
            "enforce_admins": false,
            "etag": "W/\"c9b04f5f391d1193d4b778b2f250926b\"",
            "id": "verify-frontend:master",
            "repository": "verify-frontend",
            "required_pull_request_reviews": [
              {
                "dismiss_stale_reviews": true,
                "dismissal_teams": [],
                "dismissal_users": [],
                "include_admins": false,
                "require_code_owner_reviews": false,
                "required_approving_review_count": 2
              }
            ],
            "required_status_checks": [],
            "restrictions": []
          }
        }
      ]
    },
    {
      "module": "module.repo_verify_data_pipeline_config",
      "mode": "managed",
      "type": "github_branch_protection",
      "name": "repo_protect_master",
      "each": "list",
      "provider": "provider.github",
      "instances": [
        {
          "index_key": 0,
          "schema_version": 0,
          "attributes": {
            "branch": "master",
            "enforce_admins": false,
            "etag": "W/\"acc21fdbafa0c4351141ba39ad6a87df\"",
            "id": "verify-data-pipeline-config:master",
            "repository": "verify-data-pipeline-config",
            "required_pull_request_reviews": [
              {
                "dismiss_stale_reviews": true,
                "dismissal_teams": [],
                "dismissal_users": [],
                "include_admins": false,
                "require_code_owner_reviews": false,
                "required_approving_review_count": 2
              }
            ],
            "required_status_checks": [],
            "restrictions": []
          }
        }
      ]
    },
    {
      "module": "module.repo_verify_service_provider",
      "mode": "managed",
      "type": "github_branch_protection",
      "name": "repo_protect_master",
      "each": "list",
      "provider": "provider.github",
      "instances": [
        {
          "index_key": 0,
          "schema_version": 0,
          "attributes": {
            "branch": "master",
            "enforce_admins": false,
            "etag": "W/\"4d43224949cb4ad5f7a79eaa82018229\"",
            "id": "verify-service-provider:master",
            "repository": "verify-service-provider",
            "required_pull_request_reviews": [
              {
                "dismiss_stale_reviews": true,
                "dismissal_teams": [],
                "dismissal_users": [],
                "include_admins": false,
                "require_code_owner_reviews": false,
                "required_approving_review_count": 2
              }
            ],
            "required_status_checks": [],
            "restrictions": []
          }
        }
      ]
    },
    {
      "module": "module.repo_verify_packages",
      "mode": "managed",
      "type": "github_branch_protection",
      "name": "repo_protect_master",
      "each": "list",
      "provider": "provider.github",
      "instances": [
        {
          "index_key": 0,
          "schema_version": 0,
          "attributes": {
            "branch": "master",
            "enforce_admins": false,
            "etag": "W/\"3207d474736c1c9b07721a9a81848c7b\"",
            "id": "verify-packages:master",
            "repository": "verify-packages",
            "required_pull_request_reviews": [
              {
                "dismiss_stale_reviews": true,
                "dismissal_teams": [],
                "dismissal_users": [],
                "include_admins": false,
                "require_code_owner_reviews": false,
                "required_approving_review_count": 2
              }
            ],
            "required_status_checks": [],
            "restrictions": []
          },
          "depends_on": [
            "github_repository.repo"
          ]
        }
      ]
    },
    {
      "module": "module.repo_verify_team_manual",
      "mode": "managed",
      "type": "github_branch_protection",
      "name": "repo_protect_master",
      "each": "list",
      "provider": "provider.github",
      "instances": [
        {
          "index_key": 0,
          "schema_version": 0,
          "attributes": {
            "branch": "master",
            "enforce_admins": false,
            "etag": "W/\"bddda8d5b4a21590cd0d6cdc20b24cad\"",
            "id": "verify-team-manual:master",
            "repository": "verify-team-manual",
            "required_pull_request_reviews": [
              {
                "dismiss_stale_reviews": true,
                "dismissal_teams": [],
                "dismissal_users": [],
                "include_admins": false,
                "require_code_owner_reviews": false,
                "required_approving_review_count": 2
              }
            ],
            "required_status_checks": [],
            "restrictions": []
          }
        }
      ]
    },
    {
      "module": "module.repo_verify_release_automation",
      "mode": "managed",
      "type": "github_branch_protection",
      "name": "repo_protect_master",
      "each": "list",
      "provider": "provider.github",
      "instances": [
        {
          "index_key": 0,
          "schema_version": 0,
          "attributes": {
            "branch": "master",
            "enforce_admins": false,
            "etag": "W/\"b6c72e5ac8a24e041a93ef2157a7f62d\"",
            "id": "verify-release-automation:master",
            "repository": "verify-release-automation",
            "required_pull_request_reviews": [
              {
                "dismiss_stale_reviews": true,
                "dismissal_teams": [],
                "dismissal_users": [],
                "include_admins": false,
                "require_code_owner_reviews": false,
                "required_approving_review_count": 2
              }
            ],
            "required_status_checks": [],
            "restrictions": []
          }
        }
      ]
    },
    {
      "module": "module.repo_metadata_checker",
      "mode": "managed",
      "type": "github_branch_protection",
      "name": "repo_protect_master",
      "each": "list",
      "provider": "provider.github",
      "instances": [
        {
          "index_key": 0,
          "schema_version": 0,
          "attributes": {
            "branch": "master",
            "enforce_admins": false,
            "etag": "W/\"6c979964457335ca3ee9b664f4028359\"",
            "id": "metadata-checker:master",
            "repository": "metadata-checker",
            "required_pull_request_reviews": [
              {
                "dismiss_stale_reviews": true,
                "dismissal_teams": [],
                "dismissal_users": [],
                "include_admins": false,
                "require_code_owner_reviews": false,
                "required_approving_review_count": 2
              }
            ],
            "required_status_checks": [],
            "restrictions": []
          },
          "depends_on": [
            "github_repository.repo"
          ]
        }
      ]
    },
    {
      "module": "module.repo_verify_dashing",
      "mode": "managed",
      "type": "github_branch_protection",
      "name": "repo_protect_master",
      "each": "list",
      "provider": "provider.github",
      "instances": []
    },
    {
      "module": "module.repo_verify_matching_service_adapter",
      "mode": "managed",
      "type": "github_branch_protection",
      "name": "repo_protect_master",
      "each": "list",
      "provider": "provider.github",
      "instances": [
        {
          "index_key": 0,
          "schema_version": 0,
          "attributes": {
            "branch": "master",
            "enforce_admins": false,
            "etag": "W/\"f4105e62da9602f26d5b0ab7a7a5950a\"",
            "id": "verify-matching-service-adapter:master",
            "repository": "verify-matching-service-adapter",
            "required_pull_request_reviews": [
              {
                "dismiss_stale_reviews": true,
                "dismissal_teams": [],
                "dismissal_users": [],
                "include_admins": false,
                "require_code_owner_reviews": false,
                "required_approving_review_count": 2
              }
            ],
            "required_status_checks": [],
            "restrictions": []
          }
        }
      ]
    },
    {
      "module": "module.repo_verify_product_page",
      "mode": "managed",
      "type": "github_branch_protection",
      "name": "repo_protect_master",
      "each": "list",
      "provider": "provider.github",
      "instances": [
        {
          "index_key": 0,
          "schema_version": 0,
          "attributes": {
            "branch": "master",
            "enforce_admins": false,
            "etag": "W/\"1a8ab66834ce1f494dc7e6500bd19fdd\"",
            "id": "verify-product-page:master",
            "repository": "verify-product-page",
            "required_pull_request_reviews": [
              {
                "dismiss_stale_reviews": true,
                "dismissal_teams": null,
                "dismissal_users": null,
                "include_admins": false,
                "require_code_owner_reviews": false,
                "required_approving_review_count": 2
              }
            ],
            "required_status_checks": [],
            "restrictions": []
          },
          "depends_on": [
            "github_repository.repo"
          ]
        }
      ]
    },
    {
      "module": "module.repo_verify_acceptance_tests",
      "mode": "managed",
      "type": "github_branch_protection",
      "name": "repo_protect_master",
      "each": "list",
      "provider": "provider.github",
      "instances": [
        {
          "index_key": 0,
          "schema_version": 0,
          "attributes": {
            "branch": "master",
            "enforce_admins": false,
            "etag": "W/\"86b173e7cd445206bbb835272f47417b\"",
            "id": "verify-acceptance-tests:master",
            "repository": "verify-acceptance-tests",
            "required_pull_request_reviews": [
              {
                "dismiss_stale_reviews": true,
                "dismissal_teams": [],
                "dismissal_users": [],
                "include_admins": false,
                "require_code_owner_reviews": false,
                "required_approving_review_count": 2
              }
            ],
            "required_status_checks": [],
            "restrictions": []
          },
          "depends_on": [
            "github_repository.repo"
          ]
        }
      ]
    },
    {
      "module": "module.repo_passport_verify",
      "mode": "managed",
      "type": "github_branch_protection",
      "name": "repo_protect_master",
      "each": "list",
      "provider": "provider.github",
      "instances": [
        {
          "index_key": 0,
          "schema_version": 0,
          "attributes": {
            "branch": "master",
            "enforce_admins": false,
            "etag": "W/\"6899fb3461b72bac59af119fb896c632\"",
            "id": "passport-verify:master",
            "repository": "passport-verify",
            "required_pull_request_reviews": [
              {
                "dismiss_stale_reviews": true,
                "dismissal_teams": [],
                "dismissal_users": [],
                "include_admins": false,
                "require_code_owner_reviews": false,
                "required_approving_review_count": 2
              }
            ],
            "required_status_checks": [],
            "restrictions": []
          }
        }
      ]
    },
    {
      "module": "module.repo_verify_hub",
      "mode": "managed",
      "type": "github_branch_protection",
      "name": "repo_protect_master",
      "each": "list",
      "provider": "provider.github",
      "instances": [
        {
          "index_key": 0,
          "schema_version": 0,
          "attributes": {
            "branch": "master",
            "enforce_admins": false,
            "etag": "W/\"1046b3cf0d6bafaba6f80b5dbeeb3ab6\"",
            "id": "verify-hub:master",
            "repository": "verify-hub",
            "required_pull_request_reviews": [
              {
                "dismiss_stale_reviews": true,
                "dismissal_teams": [],
                "dismissal_users": [],
                "include_admins": false,
                "require_code_owner_reviews": false,
                "required_approving_review_count": 2
              }
            ],
            "required_status_checks": [],
            "restrictions": []
          },
          "depends_on": [
            "github_repository.repo"
          ]
        }
      ]
    },
    {
      "module": "module.repo_verify_tech_team",
      "mode": "managed",
      "type": "github_branch_protection",
      "name": "repo_protect_master",
      "each": "list",
      "provider": "provider.github",
      "instances": [
        {
          "index_key": 0,
          "schema_version": 0,
          "attributes": {
            "branch": "master",
            "enforce_admins": false,
            "etag": "W/\"6b0093808d506af6cce82404b34356ba\"",
            "id": "verify-tech-team:master",
            "repository": "verify-tech-team",
            "required_pull_request_reviews": [
              {
                "dismiss_stale_reviews": true,
                "dismissal_teams": [],
                "dismissal_users": [],
                "include_admins": false,
                "require_code_owner_reviews": false,
                "required_approving_review_count": 2
              }
            ],
            "required_status_checks": [],
            "restrictions": []
          }
        }
      ]
    },
    {
      "module": "module.repo_verify_event_infrastructure",
      "mode": "managed",
      "type": "github_branch_protection",
      "name": "repo_protect_master",
      "each": "list",
      "provider": "provider.github",
      "instances": [
        {
          "index_key": 0,
          "schema_version": 0,
          "attributes": {
            "branch": "master",
            "enforce_admins": false,
            "etag": "W/\"4216b9ca193abd16857d156406400e72\"",
            "id": "verify-event-infrastructure:master",
            "repository": "verify-event-infrastructure",
            "required_pull_request_reviews": [
              {
                "dismiss_stale_reviews": true,
                "dismissal_teams": [],
                "dismissal_users": [],
                "include_admins": false,
                "require_code_owner_reviews": false,
                "required_approving_review_count": 2
              }
            ],
            "required_status_checks": [],
            "restrictions": []
          },
          "depends_on": [
            "github_repository.repo"
          ]
        }
      ]
    },
    {
      "module": "module.repo_verify_puppet",
      "mode": "managed",
      "type": "github_branch_protection",
      "name": "repo_protect_master",
      "each": "list",
      "provider": "provider.github",
      "instances": [
        {
          "index_key": 0,
          "schema_version": 0,
          "attributes": {
            "branch": "master",
            "enforce_admins": false,
            "etag": "W/\"cdfde2f18694eb615f8845a3bc7d104e\"",
            "id": "verify-puppet:master",
            "repository": "verify-puppet",
            "required_pull_request_reviews": [
              {
                "dismiss_stale_reviews": true,
                "dismissal_teams": [],
                "dismissal_users": [],
                "include_admins": false,
                "require_code_owner_reviews": false,
                "required_approving_review_count": 2
              }
            ],
            "required_status_checks": [],
            "restrictions": []
          }
        }
      ]
    },
    {
      "module": "module.repo_verify_data_schemas",
      "mode": "managed",
      "type": "github_branch_protection",
      "name": "repo_protect_master",
      "each": "list",
      "provider": "provider.github",
      "instances": [
        {
          "index_key": 0,
          "schema_version": 0,
          "attributes": {
            "branch": "master",
            "enforce_admins": false,
            "etag": "W/\"d8fc5e18aa598dbe9ac35417692ad9a0\"",
            "id": "verify-data-schemas:master",
            "repository": "verify-data-schemas",
            "required_pull_request_reviews": [
              {
                "dismiss_stale_reviews": true,
                "dismissal_teams": [],
                "dismissal_users": [],
                "include_admins": false,
                "require_code_owner_reviews": false,
                "required_approving_review_count": 2
              }
            ],
            "required_status_checks": [],
            "restrictions": []
          },
          "depends_on": [
            "github_repository.repo"
          ]
        }
      ]
    },
    {
      "module": "module.repo_verify_blackbox_passwords",
      "mode": "managed",
      "type": "github_branch_protection",
      "name": "repo_protect_master",
      "each": "list",
      "provider": "provider.github",
      "instances": []
    },
    {
      "module": "module.repo_splunk_library_javalogging",
      "mode": "managed",
      "type": "github_branch_protection",
      "name": "repo_protect_master",
      "each": "list",
      "provider": "provider.github",
      "instances": [
        {
          "index_key": 0,
          "schema_version": 0,
          "attributes": {
            "branch": "master",
            "enforce_admins": false,
            "etag": "W/\"48906a3017d16d9b8b5b60beb1acc40e\"",
            "id": "splunk-library-javalogging:master",
            "repository": "splunk-library-javalogging",
            "required_pull_request_reviews": [
              {
                "dismiss_stale_reviews": true,
                "dismissal_teams": [],
                "dismissal_users": [],
                "include_admins": false,
                "require_code_owner_reviews": false,
                "required_approving_review_count": 2
              }
            ],
            "required_status_checks": [],
            "restrictions": []
          },
          "depends_on": [
            "github_repository.repo"
          ]
        }
      ]
    },
    {
      "module": "module.repo_verify_event_system_alarm_notifier",
      "mode": "managed",
      "type": "github_branch_protection",
      "name": "repo_protect_master",
      "each": "list",
      "provider": "provider.github",
      "instances": [
        {
          "index_key": 0,
          "schema_version": 0,
          "attributes": {
            "branch": "master",
            "enforce_admins": false,
            "etag": "W/\"5ff4eba097abb039d8da3f6f38becbf5\"",
            "id": "verify-event-system-alarm-notifier:master",
            "repository": "verify-event-system-alarm-notifier",
            "required_pull_request_reviews": [
              {
                "dismiss_stale_reviews": true,
                "dismissal_teams": [],
                "dismissal_users": [],
                "include_admins": false,
                "require_code_owner_reviews": false,
                "required_approving_review_count": 2
              }
            ],
            "required_status_checks": [],
            "restrictions": []
          },
          "depends_on": [
            "github_repository.repo"
          ]
        }
      ]
    },
    {
      "module": "module.repo_verify_self_service",
      "mode": "managed",
      "type": "github_branch_protection",
      "name": "repo_protect_master",
      "each": "list",
      "provider": "provider.github",
      "instances": [
        {
          "index_key": 0,
          "schema_version": 0,
          "attributes": {
            "branch": "master",
            "enforce_admins": false,
            "etag": "W/\"af4cf725c7f0fe57afb752cd7c56f060\"",
            "id": "verify-self-service:master",
            "repository": "verify-self-service",
            "required_pull_request_reviews": [
              {
                "dismiss_stale_reviews": true,
                "dismissal_teams": [],
                "dismissal_users": [],
                "include_admins": false,
                "require_code_owner_reviews": false,
                "required_approving_review_count": 2
              }
            ],
            "required_status_checks": [],
            "restrictions": []
          },
          "depends_on": [
            "github_repository.repo"
          ]
        }
      ]
    },
    {
      "module": "module.repo_verify_event_emitter",
      "mode": "managed",
      "type": "github_branch_protection",
      "name": "repo_protect_master",
      "each": "list",
      "provider": "provider.github",
      "instances": [
        {
          "index_key": 0,
          "schema_version": 0,
          "attributes": {
            "branch": "master",
            "enforce_admins": false,
            "etag": "W/\"e8ded0b2beabd15f381012d2937a8681\"",
            "id": "verify-event-emitter:master",
            "repository": "verify-event-emitter",
            "required_pull_request_reviews": [
              {
                "dismiss_stale_reviews": true,
                "dismissal_teams": [],
                "dismissal_users": [],
                "include_admins": false,
                "require_code_owner_reviews": false,
                "required_approving_review_count": 2
              }
            ],
            "required_status_checks": [],
            "restrictions": []
          },
          "depends_on": [
            "github_repository.repo"
          ]
        }
      ]
    },
    {
      "module": "module.repo_verify_il3_laptop_bootstrap",
      "mode": "managed",
      "type": "github_branch_protection",
      "name": "repo_protect_master",
      "each": "list",
      "provider": "provider.github",
      "instances": [
        {
          "index_key": 0,
          "schema_version": 0,
          "attributes": {
            "branch": "master",
            "enforce_admins": false,
            "etag": "W/\"ed3f7f92bfd0d6685721d7462ebe5847\"",
            "id": "verify-il3-laptop-bootstrap:master",
            "repository": "verify-il3-laptop-bootstrap",
            "required_pull_request_reviews": [
              {
                "dismiss_stale_reviews": true,
                "dismissal_teams": [],
                "dismissal_users": [],
                "include_admins": false,
                "require_code_owner_reviews": false,
                "required_approving_review_count": 2
              }
            ],
            "required_status_checks": [],
            "restrictions": []
          },
          "depends_on": [
            "github_repository.repo"
          ]
        }
      ]
    },
    {
      "module": "module.repo_dcs_client_acceptance_tests",
      "mode": "managed",
      "type": "github_branch_protection",
      "name": "repo_protect_master",
      "each": "list",
      "provider": "provider.github",
      "instances": [
        {
          "index_key": 0,
          "schema_version": 0,
          "attributes": {
            "branch": "master",
            "enforce_admins": false,
            "etag": "W/\"c8e35ad455c7d35a552f63545ad18143\"",
            "id": "dcs-client-acceptance-tests:master",
            "repository": "dcs-client-acceptance-tests",
            "required_pull_request_reviews": [
              {
                "dismiss_stale_reviews": true,
                "dismissal_teams": [],
                "dismissal_users": [],
                "include_admins": false,
                "require_code_owner_reviews": false,
                "required_approving_review_count": 2
              }
            ],
            "required_status_checks": [],
            "restrictions": []
          }
        }
      ]
    },
    {
      "module": "module.repo_dcs_client",
      "mode": "managed",
      "type": "github_branch_protection",
      "name": "repo_protect_master",
      "each": "list",
      "provider": "provider.github",
      "instances": [
        {
          "index_key": 0,
          "schema_version": 0,
          "attributes": {
            "branch": "master",
            "enforce_admins": false,
            "etag": "W/\"f285c047d3c3ad2c5cf87f71e6c96e1e\"",
            "id": "dcs-client:master",
            "repository": "dcs-client",
            "required_pull_request_reviews": [
              {
                "dismiss_stale_reviews": true,
                "dismissal_teams": [],
                "dismissal_users": [],
                "include_admins": false,
                "require_code_owner_reviews": false,
                "required_approving_review_count": 2
              }
            ],
            "required_status_checks": [],
            "restrictions": []
          }
        }
      ]
    },
    {
      "module": "module.repo_verify_fabric",
      "mode": "managed",
      "type": "github_branch_protection",
      "name": "repo_protect_master",
      "each": "list",
      "provider": "provider.github",
      "instances": [
        {
          "index_key": 0,
          "schema_version": 0,
          "attributes": {
            "branch": "master",
            "enforce_admins": false,
            "etag": "W/\"9bae88b0b0340af01ec7ae77cad8d0d0\"",
            "id": "verify-fabric:master",
            "repository": "verify-fabric",
            "required_pull_request_reviews": [
              {
                "dismiss_stale_reviews": true,
                "dismissal_teams": [],
                "dismissal_users": [],
                "include_admins": false,
                "require_code_owner_reviews": false,
                "required_approving_review_count": 2
              }
            ],
            "required_status_checks": [],
            "restrictions": []
          }
        }
      ]
    },
    {
      "module": "module.repo_verify_utils_libs",
      "mode": "managed",
      "type": "github_branch_protection",
      "name": "repo_protect_master",
      "each": "list",
      "provider": "provider.github",
      "instances": [
        {
          "index_key": 0,
          "schema_version": 0,
          "attributes": {
            "branch": "master",
            "enforce_admins": false,
            "etag": "W/\"d6f8ad72cb711e599ea026db777c775d\"",
            "id": "verify-utils-libs:master",
            "repository": "verify-utils-libs",
            "required_pull_request_reviews": [
              {
                "dismiss_stale_reviews": true,
                "dismissal_teams": [],
                "dismissal_users": [],
                "include_admins": false,
                "require_code_owner_reviews": false,
                "required_approving_review_count": 2
              }
            ],
            "required_status_checks": [],
            "restrictions": []
          }
        }
      ]
    },
    {
      "module": "module.repo_verify_build_scripts",
      "mode": "managed",
      "type": "github_branch_protection",
      "name": "repo_protect_master",
      "each": "list",
      "provider": "provider.github",
      "instances": [
        {
          "index_key": 0,
          "schema_version": 0,
          "attributes": {
            "branch": "master",
            "enforce_admins": false,
            "etag": "W/\"e5e37fb0626166e607778390f3814126\"",
            "id": "verify-build-scripts:master",
            "repository": "verify-build-scripts",
            "required_pull_request_reviews": [
              {
                "dismiss_stale_reviews": true,
                "dismissal_teams": [],
                "dismissal_users": [],
                "include_admins": false,
                "require_code_owner_reviews": false,
                "required_approving_review_count": 2
              }
            ],
            "required_status_checks": [],
            "restrictions": []
          },
          "depends_on": [
            "github_repository.repo"
          ]
        }
      ]
    },
    {
      "module": "module.repo_verify_eidas_trust_anchor",
      "mode": "managed",
      "type": "github_branch_protection",
      "name": "repo_protect_master",
      "each": "list",
      "provider": "provider.github",
      "instances": [
        {
          "index_key": 0,
          "schema_version": 0,
          "attributes": {
            "branch": "master",
            "enforce_admins": false,
            "etag": "W/\"0e459784bc7123a9f273915ea30b2ef9\"",
            "id": "verify-eidas-trust-anchor:master",
            "repository": "verify-eidas-trust-anchor",
            "required_pull_request_reviews": [
              {
                "dismiss_stale_reviews": true,
                "dismissal_teams": [],
                "dismissal_users": [],
                "include_admins": false,
                "require_code_owner_reviews": false,
                "required_approving_review_count": 2
              }
            ],
            "required_status_checks": [],
            "restrictions": []
          }
        }
      ]
    },
    {
      "module": "module.repo_verify_metadata",
      "mode": "managed",
      "type": "github_branch_protection",
      "name": "repo_protect_master",
      "each": "list",
      "provider": "provider.github",
      "instances": [
        {
          "index_key": 0,
          "schema_version": 0,
          "attributes": {
            "branch": "master",
            "enforce_admins": false,
            "etag": "W/\"a3b17972b6f9cd919f7d86bbcb8e940e\"",
            "id": "verify-metadata:master",
            "repository": "verify-metadata",
            "required_pull_request_reviews": [
              {
                "dismiss_stale_reviews": true,
                "dismissal_teams": [],
                "dismissal_users": [],
                "include_admins": false,
                "require_code_owner_reviews": false,
                "required_approving_review_count": 2
              }
            ],
            "required_status_checks": [],
            "restrictions": []
          }
        }
      ]
    },
    {
      "module": "module.repo_verify_idp_predictor",
      "mode": "managed",
      "type": "github_branch_protection",
      "name": "repo_protect_master",
      "each": "list",
      "provider": "provider.github",
      "instances": [
        {
          "index_key": 0,
          "schema_version": 0,
          "attributes": {
            "branch": "master",
            "enforce_admins": false,
            "etag": "W/\"75d45d3c420f0f14c06096ea56e34988\"",
            "id": "verify-idp-predictor:master",
            "repository": "verify-idp-predictor",
            "required_pull_request_reviews": [
              {
                "dismiss_stale_reviews": true,
                "dismissal_teams": [],
                "dismissal_users": [],
                "include_admins": false,
                "require_code_owner_reviews": false,
                "required_approving_review_count": 2
              }
            ],
            "required_status_checks": [],
            "restrictions": []
          },
          "depends_on": [
            "github_repository.repo"
          ]
        }
      ]
    },
    {
      "module": "module.repo_verify_test_repo",
      "mode": "managed",
      "type": "github_branch_protection",
      "name": "repo_protect_master",
      "each": "list",
      "provider": "provider.github",
      "instances": [
        {
          "index_key": 0,
          "schema_version": 0,
          "attributes": {
            "branch": "master",
            "enforce_admins": false,
            "etag": "W/\"4db186e6a65e4181e7366d344c2b38f7\"",
            "id": "verify-test-repo:master",
            "repository": "verify-test-repo",
            "required_pull_request_reviews": [
              {
                "dismiss_stale_reviews": true,
                "dismissal_teams": [],
                "dismissal_users": [],
                "include_admins": false,
                "require_code_owner_reviews": false,
                "required_approving_review_count": 2
              }
            ],
            "required_status_checks": [],
            "restrictions": []
          }
        }
      ]
    },
    {
      "module": "module.repo_verify_stub_idp",
      "mode": "managed",
      "type": "github_branch_protection",
      "name": "repo_protect_master",
      "each": "list",
      "provider": "provider.github",
      "instances": [
        {
          "index_key": 0,
          "schema_version": 0,
          "attributes": {
            "branch": "master",
            "enforce_admins": false,
            "etag": "W/\"328e4f7065a55823e39883e95b1cd30e\"",
            "id": "verify-stub-idp:master",
            "repository": "verify-stub-idp",
            "required_pull_request_reviews": [
              {
                "dismiss_stale_reviews": true,
                "dismissal_teams": [],
                "dismissal_users": [],
                "include_admins": false,
                "require_code_owner_reviews": false,
                "required_approving_review_count": 2
              }
            ],
            "required_status_checks": [],
            "restrictions": []
          }
        }
      ]
    },
    {
      "module": "module.repo_verify_matomo_utils",
      "mode": "managed",
      "type": "github_branch_protection",
      "name": "repo_protect_master",
      "each": "list",
      "provider": "provider.github",
      "instances": [
        {
          "index_key": 0,
          "schema_version": 0,
          "attributes": {
            "branch": "master",
            "enforce_admins": false,
            "etag": "W/\"0add2c97739258d0fbd43fd2b24b6008\"",
            "id": "verify-matomo-utils:master",
            "repository": "verify-matomo-utils",
            "required_pull_request_reviews": [
              {
                "dismiss_stale_reviews": true,
                "dismissal_teams": [],
                "dismissal_users": [],
                "include_admins": false,
                "require_code_owner_reviews": false,
                "required_approving_review_count": 2
              }
            ],
            "required_status_checks": [],
            "restrictions": []
          },
          "depends_on": [
            "github_repository.repo"
          ]
        }
      ]
    },
    {
      "module": "module.repo_verify_local_matching_service_example",
      "mode": "managed",
      "type": "github_branch_protection",
      "name": "repo_protect_master",
      "each": "list",
      "provider": "provider.github",
      "instances": [
        {
          "index_key": 0,
          "schema_version": 0,
          "attributes": {
            "branch": "master",
            "enforce_admins": false,
            "etag": "W/\"385e093e85ccfaac8e300f4b8b604100\"",
            "id": "verify-local-matching-service-example:master",
            "repository": "verify-local-matching-service-example",
            "required_pull_request_reviews": [
              {
                "dismiss_stale_reviews": true,
                "dismissal_teams": [],
                "dismissal_users": [],
                "include_admins": false,
                "require_code_owner_reviews": false,
                "required_approving_review_count": 2
              }
            ],
            "required_status_checks": [],
            "restrictions": []
          }
        }
      ]
    },
    {
      "module": "module.repo_doc_checking",
      "mode": "managed",
      "type": "github_branch_protection",
      "name": "repo_protect_master",
      "each": "list",
      "provider": "provider.github",
      "instances": [
        {
          "index_key": 0,
          "schema_version": 0,
          "attributes": {
            "branch": "master",
            "enforce_admins": false,
            "etag": "W/\"3c632512175b5e8f748a3b8c00b3b452\"",
            "id": "doc-checking:master",
            "repository": "doc-checking",
            "required_pull_request_reviews": [
              {
                "dismiss_stale_reviews": true,
                "dismissal_teams": [],
                "dismissal_users": [],
                "include_admins": false,
                "require_code_owner_reviews": false,
                "required_approving_review_count": 2
              }
            ],
            "required_status_checks": [],
            "restrictions": []
          }
        }
      ]
    },
    {
      "module": "module.repo_ida_compliance_tool",
      "mode": "managed",
      "type": "github_branch_protection",
      "name": "repo_protect_master",
      "each": "list",
      "provider": "provider.github",
      "instances": [
        {
          "index_key": 0,
          "schema_version": 0,
          "attributes": {
            "branch": "master",
            "enforce_admins": false,
            "etag": "W/\"17b32fcc9df7f9731e7ed82336347e92\"",
            "id": "ida-compliance-tool:master",
            "repository": "ida-compliance-tool",
            "required_pull_request_reviews": [
              {
                "dismiss_stale_reviews": true,
                "dismissal_teams": [],
                "dismissal_users": [],
                "include_admins": false,
                "require_code_owner_reviews": false,
                "required_approving_review_count": 2
              }
            ],
            "required_status_checks": [],
            "restrictions": []
          },
          "depends_on": [
            "github_repository.repo"
          ]
        }
      ]
    },
    {
      "module": "module.repo_verify_eidas_metadata_aggregator",
      "mode": "managed",
      "type": "github_branch_protection",
      "name": "repo_protect_master",
      "each": "list",
      "provider": "provider.github",
      "instances": [
        {
          "index_key": 0,
          "schema_version": 0,
          "attributes": {
            "branch": "master",
            "enforce_admins": false,
            "etag": "W/\"ebab1272dfe5ea078b3d73cf7333b69b\"",
            "id": "verify-eidas-metadata-aggregator:master",
            "repository": "verify-eidas-metadata-aggregator",
            "required_pull_request_reviews": [
              {
                "dismiss_stale_reviews": true,
                "dismissal_teams": [],
                "dismissal_users": [],
                "include_admins": false,
                "require_code_owner_reviews": false,
                "required_approving_review_count": 2
              }
            ],
            "required_status_checks": [],
            "restrictions": []
          },
          "depends_on": [
            "github_repository.repo"
          ]
        }
      ]
    },
    {
      "module": "module.repo_verify_jenkins_job_builder",
      "mode": "managed",
      "type": "github_branch_protection",
      "name": "repo_protect_master",
      "each": "list",
      "provider": "provider.github",
      "instances": [
        {
          "index_key": 0,
          "schema_version": 0,
          "attributes": {
            "branch": "master",
            "enforce_admins": false,
            "etag": "W/\"e9052a1554388e9dd5c72451d04c5ade\"",
            "id": "verify-jenkins-job-builder:master",
            "repository": "verify-jenkins-job-builder",
            "required_pull_request_reviews": [
              {
                "dismiss_stale_reviews": true,
                "dismissal_teams": [],
                "dismissal_users": [],
                "include_admins": false,
                "require_code_owner_reviews": false,
                "required_approving_review_count": 2
              }
            ],
            "required_status_checks": [],
            "restrictions": []
          }
        }
      ]
    },
    {
      "module": "module.repo_verify_event_recorder_service",
      "mode": "managed",
      "type": "github_branch_protection",
      "name": "repo_protect_master",
      "each": "list",
      "provider": "provider.github",
      "instances": [
        {
          "index_key": 0,
          "schema_version": 0,
          "attributes": {
            "branch": "master",
            "enforce_admins": false,
            "etag": "W/\"ed9280cf67cb72d43291d43a9cc0c1c8\"",
            "id": "verify-event-recorder-service:master",
            "repository": "verify-event-recorder-service",
            "required_pull_request_reviews": [
              {
                "dismiss_stale_reviews": true,
                "dismissal_teams": [],
                "dismissal_users": [],
                "include_admins": false,
                "require_code_owner_reviews": false,
                "required_approving_review_count": 2
              }
            ],
            "required_status_checks": [],
            "restrictions": []
          },
          "depends_on": [
            "github_repository.repo"
          ]
        }
      ]
    },
    {
      "module": "module.repo_verify_idp_pid_hasherator",
      "mode": "managed",
      "type": "github_branch_protection",
      "name": "repo_protect_master",
      "each": "list",
      "provider": "provider.github",
      "instances": [
        {
          "index_key": 0,
          "schema_version": 0,
          "attributes": {
            "branch": "master",
            "enforce_admins": false,
            "etag": "W/\"9fabf943c8fb48c13ddea345518902b3\"",
            "id": "verify-idp-pid-hasherator:master",
            "repository": "verify-idp-pid-hasherator",
            "required_pull_request_reviews": [
              {
                "dismiss_stale_reviews": true,
                "dismissal_teams": [],
                "dismissal_users": [],
                "include_admins": false,
                "require_code_owner_reviews": false,
                "required_approving_review_count": 2
              }
            ],
            "required_status_checks": [],
            "restrictions": []
          },
          "depends_on": [
            "github_repository.repo"
          ]
        }
      ]
    },
    {
      "module": "module.repo_verify_release_logs",
      "mode": "managed",
      "type": "github_branch_protection",
      "name": "repo_protect_master",
      "each": "list",
      "provider": "provider.github",
      "instances": []
    },
    {
      "module": "module.repo_verify_german_eidas_middleware",
      "mode": "managed",
      "type": "github_branch_protection",
      "name": "repo_protect_master",
      "each": "list",
      "provider": "provider.github",
      "instances": [
        {
          "index_key": 0,
          "schema_version": 0,
          "attributes": {
            "branch": "master",
            "enforce_admins": false,
            "etag": "W/\"c364860aaf79a72717e1eba88900e760\"",
            "id": "verify-german-eidas-middleware:master",
            "repository": "verify-german-eidas-middleware",
            "required_pull_request_reviews": [
              {
                "dismiss_stale_reviews": true,
                "dismissal_teams": [],
                "dismissal_users": [],
                "include_admins": false,
                "require_code_owner_reviews": false,
                "required_approving_review_count": 2
              }
            ],
            "required_status_checks": [],
            "restrictions": []
          }
        }
      ]
    },
    {
      "module": "module.repo_dcs_performance_tests",
      "mode": "managed",
      "type": "github_branch_protection",
      "name": "repo_protect_master",
      "each": "list",
      "provider": "provider.github",
      "instances": [
        {
          "index_key": 0,
          "schema_version": 0,
          "attributes": {
            "branch": "master",
            "enforce_admins": false,
            "etag": "W/\"d7b2abbc1fc7d77989737ec318247cfc\"",
            "id": "dcs-performance-tests:master",
            "repository": "dcs-performance-tests",
            "required_pull_request_reviews": [
              {
                "dismiss_stale_reviews": true,
                "dismissal_teams": [],
                "dismissal_users": [],
                "include_admins": false,
                "require_code_owner_reviews": false,
                "required_approving_review_count": 2
              }
            ],
            "required_status_checks": [],
            "restrictions": []
          }
        }
      ]
    },
    {
      "module": "module.repo_verify_token_service",
      "mode": "managed",
      "type": "github_branch_protection",
      "name": "repo_protect_master",
      "each": "list",
      "provider": "provider.github",
      "instances": [
        {
          "index_key": 0,
          "schema_version": 0,
          "attributes": {
            "branch": "master",
            "enforce_admins": false,
            "etag": "W/\"47d2eb27cba1951974cf50a80ca80da6\"",
            "id": "verify-token-service:master",
            "repository": "verify-token-service",
            "required_pull_request_reviews": [
              {
                "dismiss_stale_reviews": true,
                "dismissal_teams": [],
                "dismissal_users": [],
                "include_admins": false,
                "require_code_owner_reviews": false,
                "required_approving_review_count": 2
              }
            ],
            "required_status_checks": [],
            "restrictions": []
          }
        }
      ]
    },
    {
      "module": "module.repo_verify_terraform",
      "mode": "managed",
      "type": "github_branch_protection",
      "name": "repo_protect_master",
      "each": "list",
      "provider": "provider.github",
      "instances": [
        {
          "index_key": 0,
          "schema_version": 0,
          "attributes": {
            "branch": "master",
            "enforce_admins": false,
            "etag": "W/\"3160bf9240041b8f0c47df1dcfebf8fe\"",
            "id": "verify-terraform:master",
            "repository": "verify-terraform",
            "required_pull_request_reviews": [
              {
                "dismiss_stale_reviews": true,
                "dismissal_teams": [],
                "dismissal_users": [],
                "include_admins": false,
                "require_code_owner_reviews": false,
                "required_approving_review_count": 2
              }
            ],
            "required_status_checks": [],
            "restrictions": []
          }
        }
      ]
    },
    {
      "module": "module.repo_passport_verify_stub_relying_party",
      "mode": "managed",
      "type": "github_branch_protection",
      "name": "repo_protect_master",
      "each": "list",
      "provider": "provider.github",
      "instances": [
        {
          "index_key": 0,
          "schema_version": 0,
          "attributes": {
            "branch": "master",
            "enforce_admins": false,
            "etag": "W/\"432c98c0fef493e19e14eaf5e3668711\"",
            "id": "passport-verify-stub-relying-party:master",
            "repository": "passport-verify-stub-relying-party",
            "required_pull_request_reviews": [
              {
                "dismiss_stale_reviews": true,
                "dismissal_teams": [],
                "dismissal_users": [],
                "include_admins": false,
                "require_code_owner_reviews": false,
                "required_approving_review_count": 2
              }
            ],
            "required_status_checks": [],
            "restrictions": []
          }
        }
      ]
    },
    {
      "module": "module.repo_verify_data_pipeline",
      "mode": "managed",
      "type": "github_branch_protection",
      "name": "repo_protect_master",
      "each": "list",
      "provider": "provider.github",
      "instances": [
        {
          "index_key": 0,
          "schema_version": 0,
          "attributes": {
            "branch": "master",
            "enforce_admins": false,
            "etag": "W/\"c4ff19c475c75659891c0f4f092eb508\"",
            "id": "verify-data-pipeline:master",
            "repository": "verify-data-pipeline",
            "required_pull_request_reviews": [
              {
                "dismiss_stale_reviews": true,
                "dismissal_teams": [],
                "dismissal_users": [],
                "include_admins": false,
                "require_code_owner_reviews": false,
                "required_approving_review_count": 2
              }
            ],
            "required_status_checks": [],
            "restrictions": []
          }
        }
      ]
    },
    {
      "module": "module.repo_verify_performance",
      "mode": "managed",
      "type": "github_branch_protection",
      "name": "repo_protect_master",
      "each": "list",
      "provider": "provider.github",
      "instances": [
        {
          "index_key": 0,
          "schema_version": 0,
          "attributes": {
            "branch": "master",
            "enforce_admins": false,
            "etag": "W/\"be2e7d38805cbbc59a405ff72458346a\"",
            "id": "verify-performance:master",
            "repository": "verify-performance",
            "required_pull_request_reviews": [
              {
                "dismiss_stale_reviews": true,
                "dismissal_teams": [],
                "dismissal_users": [],
                "include_admins": false,
                "require_code_owner_reviews": false,
                "required_approving_review_count": 2
              }
            ],
            "required_status_checks": [],
            "restrictions": []
          },
          "depends_on": [
            "github_repository.repo"
          ]
        }
      ]
    },
    {
      "module": "module.repo_verify_event_emitter_loader",
      "mode": "managed",
      "type": "github_branch_protection",
      "name": "repo_protect_master",
      "each": "list",
      "provider": "provider.github",
      "instances": [
        {
          "index_key": 0,
          "schema_version": 0,
          "attributes": {
            "branch": "master",
            "enforce_admins": false,
            "etag": "W/\"4defcfb34d94b9f4bf4d49f937cf927d\"",
            "id": "verify-event-emitter-loader:master",
            "repository": "verify-event-emitter-loader",
            "required_pull_request_reviews": [
              {
                "dismiss_stale_reviews": true,
                "dismissal_teams": [],
                "dismissal_users": [],
                "include_admins": false,
                "require_code_owner_reviews": false,
                "required_approving_review_count": 2
              }
            ],
            "required_status_checks": [],
            "restrictions": []
          },
          "depends_on": [
            "github_repository.repo"
          ]
        }
      ]
    },
    {
      "module": "module.repo_verify_architecture",
      "mode": "managed",
      "type": "github_branch_protection",
      "name": "repo_protect_master",
      "each": "list",
      "provider": "provider.github",
      "instances": [
        {
          "index_key": 0,
          "schema_version": 0,
          "attributes": {
            "branch": "master",
            "enforce_admins": false,
            "etag": "W/\"da173a478f6db23e8a8d31cd9c09e5cf\"",
            "id": "verify-architecture:master",
            "repository": "verify-architecture",
            "required_pull_request_reviews": [
              {
                "dismiss_stale_reviews": true,
                "dismissal_teams": [],
                "dismissal_users": [],
                "include_admins": false,
                "require_code_owner_reviews": false,
                "required_approving_review_count": 2
              }
            ],
            "required_status_checks": [],
            "restrictions": []
          },
          "depends_on": [
            "github_repository.repo"
          ]
        }
      ]
    },
    {
      "module": "module.repo_verify_infrastructure",
      "mode": "managed",
      "type": "github_branch_protection",
      "name": "repo_protect_master",
      "each": "list",
      "provider": "provider.github",
      "instances": [
        {
          "index_key": 0,
          "schema_version": 0,
          "attributes": {
            "branch": "master",
            "enforce_admins": false,
            "etag": "W/\"6c34afa1d8a376412a030e621648a056\"",
            "id": "verify-infrastructure:master",
            "repository": "verify-infrastructure",
            "required_pull_request_reviews": [
              {
                "dismiss_stale_reviews": true,
                "dismissal_teams": [],
                "dismissal_users": [],
                "include_admins": false,
                "require_code_owner_reviews": false,
                "required_approving_review_count": 2
              }
            ],
            "required_status_checks": [],
            "restrictions": []
          },
          "depends_on": [
            "github_repository.repo"
          ]
        }
      ]
    },
    {
      "module": "module.repo_ida_hub_acceptance_tests",
      "mode": "managed",
      "type": "github_branch_protection",
      "name": "repo_protect_master",
      "each": "list",
      "provider": "provider.github",
      "instances": [
        {
          "index_key": 0,
          "schema_version": 0,
          "attributes": {
            "branch": "master",
            "enforce_admins": false,
            "etag": "W/\"4da83ce70a2518abdf1156d49c9f7405\"",
            "id": "ida-hub-acceptance-tests:master",
            "repository": "ida-hub-acceptance-tests",
            "required_pull_request_reviews": [
              {
                "dismiss_stale_reviews": true,
                "dismissal_teams": [],
                "dismissal_users": [],
                "include_admins": false,
                "require_code_owner_reviews": false,
                "required_approving_review_count": 2
              }
            ],
            "required_status_checks": [],
            "restrictions": []
          },
          "depends_on": [
            "github_repository.repo"
          ]
        }
      ]
    },
    {
      "module": "module.repo_verify_saml_libs",
      "mode": "managed",
      "type": "github_branch_protection",
      "name": "repo_protect_master",
      "each": "list",
      "provider": "provider.github",
      "instances": [
        {
          "index_key": 0,
          "schema_version": 0,
          "attributes": {
            "branch": "master",
            "enforce_admins": false,
            "etag": "W/\"51b00941411586381117094a8c55cb70\"",
            "id": "verify-saml-libs:master",
            "repository": "verify-saml-libs",
            "required_pull_request_reviews": [
              {
                "dismiss_stale_reviews": true,
                "dismissal_teams": [],
                "dismissal_users": [],
                "include_admins": false,
                "require_code_owner_reviews": false,
                "required_approving_review_count": 2
              }
            ],
            "required_status_checks": [],
            "restrictions": []
          }
        }
      ]
    },
    {
      "module": "module.repo_verify_rp_environment_config_form",
      "mode": "managed",
      "type": "github_branch_protection",
      "name": "repo_protect_master",
      "each": "list",
      "provider": "provider.github",
      "instances": [
        {
          "index_key": 0,
          "schema_version": 0,
          "attributes": {
            "branch": "master",
            "enforce_admins": false,
            "etag": "W/\"0d79533625755fddbb74cab18fe2f8c4\"",
            "id": "verify-rp-environment-config-form:master",
            "repository": "verify-rp-environment-config-form",
            "required_pull_request_reviews": [
              {
                "dismiss_stale_reviews": true,
                "dismissal_teams": [],
                "dismissal_users": [],
                "include_admins": false,
                "require_code_owner_reviews": false,
                "required_approving_review_count": 2
              }
            ],
            "required_status_checks": [],
            "restrictions": []
          }
        }
      ]
    },
    {
      "module": "module.repo_verify_stub_idp_federation_config",
      "mode": "managed",
      "type": "github_branch_protection",
      "name": "repo_protect_master",
      "each": "list",
      "provider": "provider.github",
      "instances": [
        {
          "index_key": 0,
          "schema_version": 0,
          "attributes": {
            "branch": "master",
            "enforce_admins": false,
            "etag": "W/\"893dfde48459f242728074da498d4705\"",
            "id": "verify-stub-idp-federation-config:master",
            "repository": "verify-stub-idp-federation-config",
            "required_pull_request_reviews": [
              {
                "dismiss_stale_reviews": true,
                "dismissal_teams": [],
                "dismissal_users": [],
                "include_admins": false,
                "require_code_owner_reviews": false,
                "required_approving_review_count": 2
              }
            ],
            "required_status_checks": [],
            "restrictions": []
          },
          "depends_on": [
            "github_repository.repo"
          ]
        }
      ]
    },
    {
      "module": "module.repo_verify_proxy_node",
      "mode": "managed",
      "type": "github_branch_protection",
      "name": "repo_protect_master",
      "each": "list",
      "provider": "provider.github",
      "instances": [
        {
          "index_key": 0,
          "schema_version": 0,
          "attributes": {
            "branch": "master",
            "enforce_admins": false,
            "etag": "W/\"ccc2c904a8ac9972197e91cb6cc731e9\"",
            "id": "verify-proxy-node:master",
            "repository": "verify-proxy-node",
            "required_pull_request_reviews": [
              {
                "dismiss_stale_reviews": true,
                "dismissal_teams": [],
                "dismissal_users": [],
                "include_admins": false,
                "require_code_owner_reviews": false,
                "required_approving_review_count": 2
              }
            ],
            "required_status_checks": [],
            "restrictions": []
          },
          "depends_on": [
            "github_repository.repo"
          ]
        }
      ]
    },
    {
      "module": "module.repo_verify_proxy_node_infra",
      "mode": "managed",
      "type": "github_branch_protection",
      "name": "repo_protect_master",
      "each": "list",
      "provider": "provider.github",
      "instances": [
        {
          "index_key": 0,
          "schema_version": 0,
          "attributes": {
            "branch": "master",
            "enforce_admins": false,
            "etag": "W/\"d06f5892257f53e162fa8e1707eac066\"",
            "id": "verify-proxy-node-infra:master",
            "repository": "verify-proxy-node-infra",
            "required_pull_request_reviews": [
              {
                "dismiss_stale_reviews": true,
                "dismissal_teams": [],
                "dismissal_users": [],
                "include_admins": false,
                "require_code_owner_reviews": false,
                "required_approving_review_count": 2
              }
            ],
            "required_status_checks": [],
            "restrictions": []
          },
          "depends_on": [
            "github_repository.repo"
          ]
        }
      ]
    },
    {
      "module": "module.repo_verify_test_rp",
      "mode": "managed",
      "type": "github_branch_protection",
      "name": "repo_protect_master",
      "each": "list",
      "provider": "provider.github",
      "instances": [
        {
          "index_key": 0,
          "schema_version": 0,
          "attributes": {
            "branch": "master",
            "enforce_admins": false,
            "etag": "W/\"a82d417c39fdb7397398157c4378dc9d\"",
            "id": "verify-test-rp:master",
            "repository": "verify-test-rp",
            "required_pull_request_reviews": [
              {
                "dismiss_stale_reviews": true,
                "dismissal_teams": [],
                "dismissal_users": [],
                "include_admins": false,
                "require_code_owner_reviews": false,
                "required_approving_review_count": 2
              }
            ],
            "required_status_checks": [],
            "restrictions": []
          }
        }
      ]
    },
    {
      "module": "module.repo_verify_ansible",
      "mode": "managed",
      "type": "github_branch_protection",
      "name": "repo_protect_master",
      "each": "list",
      "provider": "provider.github",
      "instances": [
        {
          "index_key": 0,
          "schema_version": 0,
          "attributes": {
            "branch": "master",
            "enforce_admins": false,
            "etag": "W/\"36d3c6589c742930078003edc238f0f8\"",
            "id": "verify-ansible:master",
            "repository": "verify-ansible",
            "required_pull_request_reviews": [
              {
                "dismiss_stale_reviews": true,
                "dismissal_teams": [],
                "dismissal_users": [],
                "include_admins": false,
                "require_code_owner_reviews": false,
                "required_approving_review_count": 2
              }
            ],
            "required_status_checks": [],
            "restrictions": []
          }
        }
      ]
    },
    {
      "module": "module.repo_verify_local_startup",
      "mode": "managed",
      "type": "github_repository",
      "name": "repo",
      "provider": "provider.github",
      "instances": [
        {
          "schema_version": 0,
          "attributes": {
            "allow_merge_commit": true,
            "allow_rebase_merge": false,
            "allow_squash_merge": false,
            "archived": false,
            "auto_init": null,
            "default_branch": "master",
            "description": "Utilities to run the Verify Hub and stubs locally",
            "etag": "W/\"9c51bd60f7b85058094e84670bb95a1b\"",
            "full_name": "alphagov/verify-local-startup",
            "git_clone_url": "git://github.com/alphagov/verify-local-startup.git",
            "gitignore_template": null,
            "has_downloads": false,
            "has_issues": true,
            "has_projects": null,
            "has_wiki": true,
            "homepage_url": "",
            "html_url": "https://github.com/alphagov/verify-local-startup",
            "http_clone_url": "https://github.com/alphagov/verify-local-startup.git",
            "id": "verify-local-startup",
            "license_template": null,
            "name": "verify-local-startup",
            "private": false,
            "ssh_clone_url": "git@github.com:alphagov/verify-local-startup.git",
            "svn_url": "https://github.com/alphagov/verify-local-startup",
            "topics": [
              "verify"
            ]
          }
        }
      ]
    },
    {
      "module": "module.repo_verify_support_form",
      "mode": "managed",
      "type": "github_repository",
      "name": "repo",
      "provider": "provider.github",
      "instances": [
        {
          "schema_version": 0,
          "attributes": {
            "allow_merge_commit": true,
            "allow_rebase_merge": false,
            "allow_squash_merge": false,
            "archived": false,
            "auto_init": true,
            "default_branch": "master",
            "description": "Verify support form",
            "etag": "W/\"e77f973007f04e9330df54f67e1a31a8\"",
            "full_name": "alphagov/verify-support-form",
            "git_clone_url": "git://github.com/alphagov/verify-support-form.git",
            "gitignore_template": null,
            "has_downloads": false,
            "has_issues": true,
            "has_projects": null,
            "has_wiki": true,
            "homepage_url": "",
            "html_url": "https://github.com/alphagov/verify-support-form",
            "http_clone_url": "https://github.com/alphagov/verify-support-form.git",
            "id": "verify-support-form",
            "license_template": null,
            "name": "verify-support-form",
            "private": false,
            "ssh_clone_url": "git@github.com:alphagov/verify-support-form.git",
            "svn_url": "https://github.com/alphagov/verify-support-form",
            "topics": [
              "verify"
            ]
          }
        }
      ]
    },
    {
      "module": "module.repo_verify_self_service_infrastructure",
      "mode": "managed",
      "type": "github_repository",
      "name": "repo",
      "provider": "provider.github",
      "instances": [
        {
          "schema_version": 0,
          "attributes": {
            "allow_merge_commit": true,
            "allow_rebase_merge": false,
            "allow_squash_merge": false,
            "archived": false,
            "auto_init": true,
            "default_branch": "master",
            "description": "Infrastructure and terraform files for Verify Self Service",
            "etag": "W/\"1f415a5fcc1ab31530e9b9ef982bed59\"",
            "full_name": "alphagov/verify-self-service-infrastructure",
            "git_clone_url": "git://github.com/alphagov/verify-self-service-infrastructure.git",
            "gitignore_template": null,
            "has_downloads": false,
            "has_issues": true,
            "has_projects": null,
            "has_wiki": true,
            "homepage_url": "",
            "html_url": "https://github.com/alphagov/verify-self-service-infrastructure",
            "http_clone_url": "https://github.com/alphagov/verify-self-service-infrastructure.git",
            "id": "verify-self-service-infrastructure",
            "license_template": null,
            "name": "verify-self-service-infrastructure",
            "private": true,
            "ssh_clone_url": "git@github.com:alphagov/verify-self-service-infrastructure.git",
            "svn_url": "https://github.com/alphagov/verify-self-service-infrastructure",
            "topics": []
          }
        }
      ]
    },
    {
      "module": "module.repo_verify_hub_federation_config",
      "mode": "managed",
      "type": "github_repository",
      "name": "repo",
      "provider": "provider.github",
      "instances": [
        {
          "schema_version": 0,
          "attributes": {
            "allow_merge_commit": true,
            "allow_rebase_merge": false,
            "allow_squash_merge": false,
            "archived": false,
            "auto_init": true,
            "default_branch": "master",
            "description": "Verify Hub federation configuration",
            "etag": "W/\"1aaaee0115d94f94bc9fefcda39da7c1\"",
            "full_name": "alphagov/verify-hub-federation-config",
            "git_clone_url": "git://github.com/alphagov/verify-hub-federation-config.git",
            "gitignore_template": null,
            "has_downloads": false,
            "has_issues": true,
            "has_projects": null,
            "has_wiki": true,
            "homepage_url": "",
            "html_url": "https://github.com/alphagov/verify-hub-federation-config",
            "http_clone_url": "https://github.com/alphagov/verify-hub-federation-config.git",
            "id": "verify-hub-federation-config",
            "license_template": null,
            "name": "verify-hub-federation-config",
            "private": true,
            "ssh_clone_url": "git@github.com:alphagov/verify-hub-federation-config.git",
            "svn_url": "https://github.com/alphagov/verify-hub-federation-config",
            "topics": [
              "verify"
            ]
          }
        }
      ]
    },
    {
      "module": "module.repo_verify_eidas_mw_config_generator",
      "mode": "managed",
      "type": "github_repository",
      "name": "repo",
      "provider": "provider.github",
      "instances": [
        {
          "schema_version": 0,
          "attributes": {
            "allow_merge_commit": true,
            "allow_rebase_merge": false,
            "allow_squash_merge": false,
            "archived": false,
            "auto_init": true,
            "default_branch": "master",
            "description": "eIDAS Middleware Configuration Generator",
            "etag": "W/\"d35d4b66b407ed21e0579891425c8b61\"",
            "full_name": "alphagov/verify-eidas-mw-config-generator",
            "git_clone_url": "git://github.com/alphagov/verify-eidas-mw-config-generator.git",
            "gitignore_template": null,
            "has_downloads": false,
            "has_issues": true,
            "has_projects": null,
            "has_wiki": true,
            "homepage_url": "",
            "html_url": "https://github.com/alphagov/verify-eidas-mw-config-generator",
            "http_clone_url": "https://github.com/alphagov/verify-eidas-mw-config-generator.git",
            "id": "verify-eidas-mw-config-generator",
            "license_template": null,
            "name": "verify-eidas-mw-config-generator",
            "private": false,
            "ssh_clone_url": "git@github.com:alphagov/verify-eidas-mw-config-generator.git",
            "svn_url": "https://github.com/alphagov/verify-eidas-mw-config-generator",
            "topics": []
          }
        }
      ]
    },
    {
      "module": "module.repo_verify_event_system_database_scripts",
      "mode": "managed",
      "type": "github_repository",
      "name": "repo",
      "provider": "provider.github",
      "instances": [
        {
          "schema_version": 0,
          "attributes": {
            "allow_merge_commit": true,
            "allow_rebase_merge": false,
            "allow_squash_merge": false,
            "archived": false,
            "auto_init": null,
            "default_branch": "master",
            "description": "SQL scripts and schemas for the Event System database",
            "etag": "W/\"754170b77b490d441398db4d16c2e3eb\"",
            "full_name": "alphagov/verify-event-system-database-scripts",
            "git_clone_url": "git://github.com/alphagov/verify-event-system-database-scripts.git",
            "gitignore_template": null,
            "has_downloads": false,
            "has_issues": true,
            "has_projects": null,
            "has_wiki": true,
            "homepage_url": "",
            "html_url": "https://github.com/alphagov/verify-event-system-database-scripts",
            "http_clone_url": "https://github.com/alphagov/verify-event-system-database-scripts.git",
            "id": "verify-event-system-database-scripts",
            "license_template": null,
            "name": "verify-event-system-database-scripts",
            "private": false,
            "ssh_clone_url": "git@github.com:alphagov/verify-event-system-database-scripts.git",
            "svn_url": "https://github.com/alphagov/verify-event-system-database-scripts",
            "topics": []
          }
        }
      ]
    },
    {
      "module": "module.repo_verify_performance_scripts",
      "mode": "managed",
      "type": "github_repository",
      "name": "repo",
      "provider": "provider.github",
      "instances": [
        {
          "schema_version": 0,
          "attributes": {
            "allow_merge_commit": true,
            "allow_rebase_merge": false,
            "allow_squash_merge": false,
            "archived": false,
            "auto_init": true,
            "default_branch": "master",
            "description": "Scripts related to verify performance",
            "etag": "W/\"6951462df66a28e063a0ab4c0229f600\"",
            "full_name": "alphagov/verify-performance-scripts",
            "git_clone_url": "git://github.com/alphagov/verify-performance-scripts.git",
            "gitignore_template": null,
            "has_downloads": false,
            "has_issues": true,
            "has_projects": null,
            "has_wiki": true,
            "homepage_url": "",
            "html_url": "https://github.com/alphagov/verify-performance-scripts",
            "http_clone_url": "https://github.com/alphagov/verify-performance-scripts.git",
            "id": "verify-performance-scripts",
            "license_template": null,
            "name": "verify-performance-scripts",
            "private": false,
            "ssh_clone_url": "git@github.com:alphagov/verify-performance-scripts.git",
            "svn_url": "https://github.com/alphagov/verify-performance-scripts",
            "topics": []
          }
        }
      ]
    },
    {
      "module": "module.repo_verify_infrastructure_config",
      "mode": "managed",
      "type": "github_repository",
      "name": "repo",
      "provider": "provider.github",
      "instances": [
        {
          "schema_version": 0,
          "attributes": {
            "allow_merge_commit": true,
            "allow_rebase_merge": false,
            "allow_squash_merge": false,
            "archived": false,
            "auto_init": null,
            "default_branch": "master",
            "description": "ECS Hub Config (including the CI/CD pipeline)",
            "etag": "W/\"708455fa764e6f641ca89c771734e4b0\"",
            "full_name": "alphagov/verify-infrastructure-config",
            "git_clone_url": "git://github.com/alphagov/verify-infrastructure-config.git",
            "gitignore_template": null,
            "has_downloads": false,
            "has_issues": true,
            "has_projects": null,
            "has_wiki": true,
            "homepage_url": "",
            "html_url": "https://github.com/alphagov/verify-infrastructure-config",
            "http_clone_url": "https://github.com/alphagov/verify-infrastructure-config.git",
            "id": "verify-infrastructure-config",
            "license_template": null,
            "name": "verify-infrastructure-config",
            "private": true,
            "ssh_clone_url": "git@github.com:alphagov/verify-infrastructure-config.git",
            "svn_url": "https://github.com/alphagov/verify-infrastructure-config",
            "topics": []
          }
        }
      ]
    },
    {
      "module": "module.repo_verify_frontend_federation_config",
      "mode": "managed",
      "type": "github_repository",
      "name": "repo",
      "provider": "provider.github",
      "instances": [
        {
          "schema_version": 0,
          "attributes": {
            "allow_merge_commit": true,
            "allow_rebase_merge": false,
            "allow_squash_merge": false,
            "archived": false,
            "auto_init": true,
            "default_branch": "master",
            "description": "Federation configuration for the Verify frontend",
            "etag": "W/\"3341151492927125b5c9e8a99614e262\"",
            "full_name": "alphagov/verify-frontend-federation-config",
            "git_clone_url": "git://github.com/alphagov/verify-frontend-federation-config.git",
            "gitignore_template": null,
            "has_downloads": false,
            "has_issues": true,
            "has_projects": null,
            "has_wiki": true,
            "homepage_url": "",
            "html_url": "https://github.com/alphagov/verify-frontend-federation-config",
            "http_clone_url": "https://github.com/alphagov/verify-frontend-federation-config.git",
            "id": "verify-frontend-federation-config",
            "license_template": null,
            "name": "verify-frontend-federation-config",
            "private": true,
            "ssh_clone_url": "git@github.com:alphagov/verify-frontend-federation-config.git",
            "svn_url": "https://github.com/alphagov/verify-frontend-federation-config",
            "topics": [
              "verify"
            ]
          }
        }
      ]
    },
    {
      "module": "module.repo_verify_datascience_sandbox",
      "mode": "managed",
      "type": "github_repository",
      "name": "repo",
      "provider": "provider.github",
      "instances": [
        {
          "schema_version": 0,
          "attributes": {
            "allow_merge_commit": true,
            "allow_rebase_merge": false,
            "allow_squash_merge": false,
            "archived": false,
            "auto_init": null,
            "default_branch": "master",
            "description": "A repository for analysis of GOV.UK Verify data.",
            "etag": "W/\"a168e9f1500c902ac0cce9e957fc4bd8\"",
            "full_name": "alphagov/verify-datascience-sandbox",
            "git_clone_url": "git://github.com/alphagov/verify-datascience-sandbox.git",
            "gitignore_template": null,
            "has_downloads": false,
            "has_issues": true,
            "has_projects": null,
            "has_wiki": true,
            "homepage_url": "",
            "html_url": "https://github.com/alphagov/verify-datascience-sandbox",
            "http_clone_url": "https://github.com/alphagov/verify-datascience-sandbox.git",
            "id": "verify-datascience-sandbox",
            "license_template": null,
            "name": "verify-datascience-sandbox",
            "private": true,
            "ssh_clone_url": "git@github.com:alphagov/verify-datascience-sandbox.git",
            "svn_url": "https://github.com/alphagov/verify-datascience-sandbox",
            "topics": []
          }
        }
      ]
    },
    {
      "module": "module.repo_ida_hub_support",
      "mode": "managed",
      "type": "github_repository",
      "name": "repo",
      "provider": "provider.github",
      "instances": [
        {
          "schema_version": 0,
          "attributes": {
            "allow_merge_commit": true,
            "allow_rebase_merge": false,
            "allow_squash_merge": false,
            "archived": true,
            "auto_init": true,
            "default_branch": "master",
            "description": "Verify Hub Support services (temporary)",
            "etag": "W/\"058d70f1f14fb4aa8ab3b5a4f3fcdbc6\"",
            "full_name": "alphagov/ida-hub-support",
            "git_clone_url": "git://github.com/alphagov/ida-hub-support.git",
            "gitignore_template": null,
            "has_downloads": false,
            "has_issues": true,
            "has_projects": null,
            "has_wiki": true,
            "homepage_url": "",
            "html_url": "https://github.com/alphagov/ida-hub-support",
            "http_clone_url": "https://github.com/alphagov/ida-hub-support.git",
            "id": "ida-hub-support",
            "license_template": null,
            "name": "ida-hub-support",
            "private": true,
            "ssh_clone_url": "git@github.com:alphagov/ida-hub-support.git",
            "svn_url": "https://github.com/alphagov/ida-hub-support",
            "topics": [
              "verify"
            ]
          }
        }
      ]
    },
    {
      "module": "module.repo_verify_eidas_mw_run",
      "mode": "managed",
      "type": "github_repository",
      "name": "repo",
      "provider": "provider.github",
      "instances": [
        {
          "schema_version": 0,
          "attributes": {
            "allow_merge_commit": true,
            "allow_rebase_merge": false,
            "allow_squash_merge": false,
            "archived": false,
            "auto_init": true,
            "default_branch": "master",
            "description": "German eIDAS middleware run container",
            "etag": "W/\"472af12f07b0dddab87b42b66e644bd4\"",
            "full_name": "alphagov/verify-eidas-mw-run",
            "git_clone_url": "git://github.com/alphagov/verify-eidas-mw-run.git",
            "gitignore_template": null,
            "has_downloads": false,
            "has_issues": true,
            "has_projects": null,
            "has_wiki": true,
            "homepage_url": "",
            "html_url": "https://github.com/alphagov/verify-eidas-mw-run",
            "http_clone_url": "https://github.com/alphagov/verify-eidas-mw-run.git",
            "id": "verify-eidas-mw-run",
            "license_template": null,
            "name": "verify-eidas-mw-run",
            "private": false,
            "ssh_clone_url": "git@github.com:alphagov/verify-eidas-mw-run.git",
            "svn_url": "https://github.com/alphagov/verify-eidas-mw-run",
            "topics": []
          }
        }
      ]
    },
    {
      "module": "module.repo_verify_boxes",
      "mode": "managed",
      "type": "github_repository",
      "name": "repo",
      "provider": "provider.github",
      "instances": [
        {
          "schema_version": 0,
          "attributes": {
            "allow_merge_commit": true,
            "allow_rebase_merge": false,
            "allow_squash_merge": false,
            "archived": false,
            "auto_init": true,
            "default_branch": "master",
            "description": "Verify specific configuration for vcloud-launch ",
            "etag": "W/\"147ceff5c55a8649fa744145d61c575f\"",
            "full_name": "alphagov/verify-boxes",
            "git_clone_url": "git://github.com/alphagov/verify-boxes.git",
            "gitignore_template": null,
            "has_downloads": false,
            "has_issues": true,
            "has_projects": null,
            "has_wiki": true,
            "homepage_url": "",
            "html_url": "https://github.com/alphagov/verify-boxes",
            "http_clone_url": "https://github.com/alphagov/verify-boxes.git",
            "id": "verify-boxes",
            "license_template": null,
            "name": "verify-boxes",
            "private": true,
            "ssh_clone_url": "git@github.com:alphagov/verify-boxes.git",
            "svn_url": "https://github.com/alphagov/verify-boxes",
            "topics": [
              "verify"
            ]
          }
        }
      ]
    },
    {
      "module": "module.repo_verify_frontend",
      "mode": "managed",
      "type": "github_repository",
      "name": "repo",
      "provider": "provider.github",
      "instances": [
        {
          "schema_version": 0,
          "attributes": {
            "allow_merge_commit": true,
            "allow_rebase_merge": false,
            "allow_squash_merge": false,
            "archived": false,
            "auto_init": true,
            "default_branch": "master",
            "description": "The frontend service for GOV.UK Verify",
            "etag": "W/\"061dc37d42e27e93c73a707056f4601f\"",
            "full_name": "alphagov/verify-frontend",
            "git_clone_url": "git://github.com/alphagov/verify-frontend.git",
            "gitignore_template": null,
            "has_downloads": false,
            "has_issues": true,
            "has_projects": null,
            "has_wiki": true,
            "homepage_url": "",
            "html_url": "https://github.com/alphagov/verify-frontend",
            "http_clone_url": "https://github.com/alphagov/verify-frontend.git",
            "id": "verify-frontend",
            "license_template": null,
            "name": "verify-frontend",
            "private": false,
            "ssh_clone_url": "git@github.com:alphagov/verify-frontend.git",
            "svn_url": "https://github.com/alphagov/verify-frontend",
            "topics": [
              "frontend",
              "verify"
            ]
          }
        }
      ]
    },
    {
      "module": "module.repo_verify_data_pipeline_config",
      "mode": "managed",
      "type": "github_repository",
      "name": "repo",
      "provider": "provider.github",
      "instances": [
        {
          "schema_version": 0,
          "attributes": {
            "allow_merge_commit": true,
            "allow_rebase_merge": false,
            "allow_squash_merge": false,
            "archived": false,
            "auto_init": true,
            "default_branch": "master",
            "description": "Holds configuration data to help verify data pipeline run in production",
            "etag": "W/\"7985d9318d873df0017aa2467c503328\"",
            "full_name": "alphagov/verify-data-pipeline-config",
            "git_clone_url": "git://github.com/alphagov/verify-data-pipeline-config.git",
            "gitignore_template": null,
            "has_downloads": false,
            "has_issues": true,
            "has_projects": null,
            "has_wiki": true,
            "homepage_url": "",
            "html_url": "https://github.com/alphagov/verify-data-pipeline-config",
            "http_clone_url": "https://github.com/alphagov/verify-data-pipeline-config.git",
            "id": "verify-data-pipeline-config",
            "license_template": null,
            "name": "verify-data-pipeline-config",
            "private": true,
            "ssh_clone_url": "git@github.com:alphagov/verify-data-pipeline-config.git",
            "svn_url": "https://github.com/alphagov/verify-data-pipeline-config",
            "topics": []
          }
        }
      ]
    },
    {
      "module": "module.repo_verify_service_provider",
      "mode": "managed",
      "type": "github_repository",
      "name": "repo",
      "provider": "provider.github",
      "instances": [
        {
          "schema_version": 0,
          "attributes": {
            "allow_merge_commit": true,
            "allow_rebase_merge": false,
            "allow_squash_merge": false,
            "archived": false,
            "auto_init": true,
            "default_branch": "master",
            "description": ":crown: :ballot_box_with_check: The easiest way to connect to GOV.UK Verify",
            "etag": "W/\"05d01367ebac702042b868aadf60d1c8\"",
            "full_name": "alphagov/verify-service-provider",
            "git_clone_url": "git://github.com/alphagov/verify-service-provider.git",
            "gitignore_template": null,
            "has_downloads": false,
            "has_issues": true,
            "has_projects": null,
            "has_wiki": true,
            "homepage_url": "",
            "html_url": "https://github.com/alphagov/verify-service-provider",
            "http_clone_url": "https://github.com/alphagov/verify-service-provider.git",
            "id": "verify-service-provider",
            "license_template": null,
            "name": "verify-service-provider",
            "private": false,
            "ssh_clone_url": "git@github.com:alphagov/verify-service-provider.git",
            "svn_url": "https://github.com/alphagov/verify-service-provider",
            "topics": [
              "dropwizard",
              "verify"
            ]
          }
        }
      ]
    },
    {
      "module": "module.repo_verify_packages",
      "mode": "managed",
      "type": "github_repository",
      "name": "repo",
      "provider": "provider.github",
      "instances": [
        {
          "schema_version": 0,
          "attributes": {
            "allow_merge_commit": true,
            "allow_rebase_merge": false,
            "allow_squash_merge": false,
            "archived": false,
            "auto_init": true,
            "default_branch": "master",
            "description": "Builds custom ubuntu packages used for Verify systems",
            "etag": "W/\"69977ca16501828e040f888b7c820395\"",
            "full_name": "alphagov/verify-packages",
            "git_clone_url": "git://github.com/alphagov/verify-packages.git",
            "gitignore_template": null,
            "has_downloads": false,
            "has_issues": true,
            "has_projects": null,
            "has_wiki": true,
            "homepage_url": "",
            "html_url": "https://github.com/alphagov/verify-packages",
            "http_clone_url": "https://github.com/alphagov/verify-packages.git",
            "id": "verify-packages",
            "license_template": null,
            "name": "verify-packages",
            "private": true,
            "ssh_clone_url": "git@github.com:alphagov/verify-packages.git",
            "svn_url": "https://github.com/alphagov/verify-packages",
            "topics": [
              "verify"
            ]
          }
        }
      ]
    },
    {
      "module": "module.repo_verify_team_manual",
      "mode": "managed",
      "type": "github_repository",
      "name": "repo",
      "provider": "provider.github",
      "instances": [
        {
          "schema_version": 0,
          "attributes": {
            "allow_merge_commit": true,
            "allow_rebase_merge": false,
            "allow_squash_merge": false,
            "archived": false,
            "auto_init": true,
            "default_branch": "master",
            "description": "",
            "etag": "W/\"17c663721f189f4955005cd30490faac\"",
            "full_name": "alphagov/verify-team-manual",
            "git_clone_url": "git://github.com/alphagov/verify-team-manual.git",
            "gitignore_template": null,
            "has_downloads": false,
            "has_issues": true,
            "has_projects": null,
            "has_wiki": true,
            "homepage_url": "",
            "html_url": "https://github.com/alphagov/verify-team-manual",
            "http_clone_url": "https://github.com/alphagov/verify-team-manual.git",
            "id": "verify-team-manual",
            "license_template": null,
            "name": "verify-team-manual",
            "private": true,
            "ssh_clone_url": "git@github.com:alphagov/verify-team-manual.git",
            "svn_url": "https://github.com/alphagov/verify-team-manual",
            "topics": [
              "verify"
            ]
          }
        }
      ]
    },
    {
      "module": "module.repo_verify_release_automation",
      "mode": "managed",
      "type": "github_repository",
      "name": "repo",
      "provider": "provider.github",
      "instances": [
        {
          "schema_version": 0,
          "attributes": {
            "allow_merge_commit": true,
            "allow_rebase_merge": false,
            "allow_squash_merge": false,
            "archived": false,
            "auto_init": true,
            "default_branch": "master",
            "description": "🚂 The Verify Release Train",
            "etag": "W/\"2754e3b72dfbbd480e6c96dfdaf15f94\"",
            "full_name": "alphagov/verify-release-automation",
            "git_clone_url": "git://github.com/alphagov/verify-release-automation.git",
            "gitignore_template": null,
            "has_downloads": false,
            "has_issues": true,
            "has_projects": null,
            "has_wiki": true,
            "homepage_url": "",
            "html_url": "https://github.com/alphagov/verify-release-automation",
            "http_clone_url": "https://github.com/alphagov/verify-release-automation.git",
            "id": "verify-release-automation",
            "license_template": null,
            "name": "verify-release-automation",
            "private": true,
            "ssh_clone_url": "git@github.com:alphagov/verify-release-automation.git",
            "svn_url": "https://github.com/alphagov/verify-release-automation",
            "topics": [
              "verify"
            ]
          }
        }
      ]
    },
    {
      "module": "module.repo_metadata_checker",
      "mode": "managed",
      "type": "github_repository",
      "name": "repo",
      "provider": "provider.github",
      "instances": [
        {
          "schema_version": 0,
          "attributes": {
            "allow_merge_commit": true,
            "allow_rebase_merge": false,
            "allow_squash_merge": false,
            "archived": false,
            "auto_init": null,
            "default_branch": "master",
            "description": "Tools for parsing and monitoring SAML metadata",
            "etag": "W/\"1994b1a5949f660c65554217942318f2\"",
            "full_name": "alphagov/metadata-checker",
            "git_clone_url": "git://github.com/alphagov/metadata-checker.git",
            "gitignore_template": null,
            "has_downloads": false,
            "has_issues": true,
            "has_projects": null,
            "has_wiki": true,
            "homepage_url": "",
            "html_url": "https://github.com/alphagov/metadata-checker",
            "http_clone_url": "https://github.com/alphagov/metadata-checker.git",
            "id": "metadata-checker",
            "license_template": null,
            "name": "metadata-checker",
            "private": false,
            "ssh_clone_url": "git@github.com:alphagov/metadata-checker.git",
            "svn_url": "https://github.com/alphagov/metadata-checker",
            "topics": [
              "verify"
            ]
          }
        }
      ]
    },
    {
      "module": "module.repo_verify_dashing",
      "mode": "managed",
      "type": "github_repository",
      "name": "repo",
      "provider": "provider.github",
      "instances": [
        {
          "schema_version": 0,
          "attributes": {
            "allow_merge_commit": true,
            "allow_rebase_merge": false,
            "allow_squash_merge": false,
            "archived": false,
            "auto_init": null,
            "default_branch": "master",
            "description": "Used to run yak dashboard",
            "etag": "W/\"d1c8de80f99595a8d0a55eee48907dd9\"",
            "full_name": "alphagov/verify-dashing",
            "git_clone_url": "git://github.com/alphagov/verify-dashing.git",
            "gitignore_template": null,
            "has_downloads": false,
            "has_issues": true,
            "has_projects": null,
            "has_wiki": true,
            "homepage_url": "",
            "html_url": "https://github.com/alphagov/verify-dashing",
            "http_clone_url": "https://github.com/alphagov/verify-dashing.git",
            "id": "verify-dashing",
            "license_template": null,
            "name": "verify-dashing",
            "private": true,
            "ssh_clone_url": "git@github.com:alphagov/verify-dashing.git",
            "svn_url": "https://github.com/alphagov/verify-dashing",
            "topics": [
              "verify"
            ]
          }
        }
      ]
    },
    {
      "module": "module.repo_verify_matching_service_adapter",
      "mode": "managed",
      "type": "github_repository",
      "name": "repo",
      "provider": "provider.github",
      "instances": [
        {
          "schema_version": 0,
          "attributes": {
            "allow_merge_commit": true,
            "allow_rebase_merge": false,
            "allow_squash_merge": false,
            "archived": false,
            "auto_init": true,
            "default_branch": "master",
            "description": "Verify Matching Service Adapter",
            "etag": "W/\"5ca4ff5e1aba8db38cd5a63e434fe217\"",
            "full_name": "alphagov/verify-matching-service-adapter",
            "git_clone_url": "git://github.com/alphagov/verify-matching-service-adapter.git",
            "gitignore_template": null,
            "has_downloads": false,
            "has_issues": true,
            "has_projects": null,
            "has_wiki": true,
            "homepage_url": "",
            "html_url": "https://github.com/alphagov/verify-matching-service-adapter",
            "http_clone_url": "https://github.com/alphagov/verify-matching-service-adapter.git",
            "id": "verify-matching-service-adapter",
            "license_template": null,
            "name": "verify-matching-service-adapter",
            "private": false,
            "ssh_clone_url": "git@github.com:alphagov/verify-matching-service-adapter.git",
            "svn_url": "https://github.com/alphagov/verify-matching-service-adapter",
            "topics": [
              "verify"
            ]
          }
        }
      ]
    },
    {
      "module": "module.repo_verify_product_page",
      "mode": "managed",
      "type": "github_repository",
      "name": "repo",
      "provider": "provider.github",
      "instances": [
        {
          "schema_version": 0,
          "attributes": {
            "allow_merge_commit": true,
            "allow_rebase_merge": false,
            "allow_squash_merge": false,
            "archived": false,
            "auto_init": false,
            "default_branch": "master",
            "description": "Product landing page for GOV.UK Verify",
            "etag": "W/\"bded133ce8c80d64542356a2c03d4268\"",
            "full_name": "alphagov/verify-product-page",
            "git_clone_url": "git://github.com/alphagov/verify-product-page.git",
            "gitignore_template": null,
            "has_downloads": false,
            "has_issues": true,
            "has_projects": null,
            "has_wiki": true,
            "homepage_url": "",
            "html_url": "https://github.com/alphagov/verify-product-page",
            "http_clone_url": "https://github.com/alphagov/verify-product-page.git",
            "id": "verify-product-page",
            "license_template": null,
            "name": "verify-product-page",
            "private": false,
            "ssh_clone_url": "git@github.com:alphagov/verify-product-page.git",
            "svn_url": "https://github.com/alphagov/verify-product-page",
            "topics": [
              "verify"
            ]
          }
        }
      ]
    },
    {
      "module": "module.repo_verify_acceptance_tests",
      "mode": "managed",
      "type": "github_repository",
      "name": "repo",
      "provider": "provider.github",
      "instances": [
        {
          "schema_version": 0,
          "attributes": {
            "allow_merge_commit": true,
            "allow_rebase_merge": false,
            "allow_squash_merge": false,
            "archived": false,
            "auto_init": true,
            "default_branch": "master",
            "description": "End-to-end tests for the Verify Hub",
            "etag": "W/\"190d2f6fd02b7d378dce0f00f8d48207\"",
            "full_name": "alphagov/verify-acceptance-tests",
            "git_clone_url": "git://github.com/alphagov/verify-acceptance-tests.git",
            "gitignore_template": null,
            "has_downloads": false,
            "has_issues": true,
            "has_projects": null,
            "has_wiki": true,
            "homepage_url": "",
            "html_url": "https://github.com/alphagov/verify-acceptance-tests",
            "http_clone_url": "https://github.com/alphagov/verify-acceptance-tests.git",
            "id": "verify-acceptance-tests",
            "license_template": null,
            "name": "verify-acceptance-tests",
            "private": false,
            "ssh_clone_url": "git@github.com:alphagov/verify-acceptance-tests.git",
            "svn_url": "https://github.com/alphagov/verify-acceptance-tests",
            "topics": [
              "verify"
            ]
          }
        }
      ]
    },
    {
      "module": "module.repo_passport_verify",
      "mode": "managed",
      "type": "github_repository",
      "name": "repo",
      "provider": "provider.github",
      "instances": [
        {
          "schema_version": 0,
          "attributes": {
            "allow_merge_commit": true,
            "allow_rebase_merge": false,
            "allow_squash_merge": false,
            "archived": false,
            "auto_init": true,
            "default_branch": "master",
            "description": ":passport_control: :crown: :ballot_box_with_check: A passport.js strategy for GOV.UK Verify",
            "etag": "W/\"b71cc916b8b5f0032d063f1e26a566d2\"",
            "full_name": "alphagov/passport-verify",
            "git_clone_url": "git://github.com/alphagov/passport-verify.git",
            "gitignore_template": null,
            "has_downloads": false,
            "has_issues": true,
            "has_projects": null,
            "has_wiki": true,
            "homepage_url": "",
            "html_url": "https://github.com/alphagov/passport-verify",
            "http_clone_url": "https://github.com/alphagov/passport-verify.git",
            "id": "passport-verify",
            "license_template": null,
            "name": "passport-verify",
            "private": false,
            "ssh_clone_url": "git@github.com:alphagov/passport-verify.git",
            "svn_url": "https://github.com/alphagov/passport-verify",
            "topics": [
              "verify"
            ]
          }
        }
      ]
    },
    {
      "module": "module.repo_verify_hub",
      "mode": "managed",
      "type": "github_repository",
      "name": "repo",
      "provider": "provider.github",
      "instances": [
        {
          "schema_version": 0,
          "attributes": {
            "allow_merge_commit": true,
            "allow_rebase_merge": false,
            "allow_squash_merge": false,
            "archived": false,
            "auto_init": true,
            "default_branch": "master",
            "description": "Verify Hub Microservices",
            "etag": "W/\"15205d325d47c940f19c1e911665f723\"",
            "full_name": "alphagov/verify-hub",
            "git_clone_url": "git://github.com/alphagov/verify-hub.git",
            "gitignore_template": null,
            "has_downloads": false,
            "has_issues": true,
            "has_projects": null,
            "has_wiki": true,
            "homepage_url": "",
            "html_url": "https://github.com/alphagov/verify-hub",
            "http_clone_url": "https://github.com/alphagov/verify-hub.git",
            "id": "verify-hub",
            "license_template": null,
            "name": "verify-hub",
            "private": false,
            "ssh_clone_url": "git@github.com:alphagov/verify-hub.git",
            "svn_url": "https://github.com/alphagov/verify-hub",
            "topics": [
              "verify"
            ]
          }
        }
      ]
    },
    {
      "module": "module.repo_verify_tech_team",
      "mode": "managed",
      "type": "github_repository",
      "name": "repo",
      "provider": "provider.github",
      "instances": [
        {
          "schema_version": 0,
          "attributes": {
            "allow_merge_commit": true,
            "allow_rebase_merge": false,
            "allow_squash_merge": false,
            "archived": false,
            "auto_init": true,
            "default_branch": "master",
            "description": "Data about Verify team members",
            "etag": "W/\"fa6f13182ba3c6893b2a51d4bf0f2762\"",
            "full_name": "alphagov/verify-tech-team",
            "git_clone_url": "git://github.com/alphagov/verify-tech-team.git",
            "gitignore_template": null,
            "has_downloads": false,
            "has_issues": true,
            "has_projects": null,
            "has_wiki": true,
            "homepage_url": "",
            "html_url": "https://github.com/alphagov/verify-tech-team",
            "http_clone_url": "https://github.com/alphagov/verify-tech-team.git",
            "id": "verify-tech-team",
            "license_template": null,
            "name": "verify-tech-team",
            "private": true,
            "ssh_clone_url": "git@github.com:alphagov/verify-tech-team.git",
            "svn_url": "https://github.com/alphagov/verify-tech-team",
            "topics": [
              "verify"
            ]
          }
        }
      ]
    },
    {
      "module": "module.repo_verify_event_infrastructure",
      "mode": "managed",
      "type": "github_repository",
      "name": "repo",
      "provider": "provider.github",
      "instances": [
        {
          "schema_version": 0,
          "attributes": {
            "allow_merge_commit": true,
            "allow_rebase_merge": false,
            "allow_squash_merge": false,
            "archived": false,
            "auto_init": true,
            "default_branch": "master",
            "description": "Infrastructure used to process Audit \u0026 Billing events for Verify",
            "etag": "W/\"46bbad14b248677ec0a3580153657682\"",
            "full_name": "alphagov/verify-event-infrastructure",
            "git_clone_url": "git://github.com/alphagov/verify-event-infrastructure.git",
            "gitignore_template": null,
            "has_downloads": false,
            "has_issues": true,
            "has_projects": null,
            "has_wiki": true,
            "homepage_url": "",
            "html_url": "https://github.com/alphagov/verify-event-infrastructure",
            "http_clone_url": "https://github.com/alphagov/verify-event-infrastructure.git",
            "id": "verify-event-infrastructure",
            "license_template": null,
            "name": "verify-event-infrastructure",
            "private": true,
            "ssh_clone_url": "git@github.com:alphagov/verify-event-infrastructure.git",
            "svn_url": "https://github.com/alphagov/verify-event-infrastructure",
            "topics": [
              "infrastructure",
              "lambda",
              "rds",
              "sqs",
              "terraform",
              "verify"
            ]
          }
        }
      ]
    },
    {
      "module": "module.repo_verify_puppet",
      "mode": "managed",
      "type": "github_repository",
      "name": "repo",
      "provider": "provider.github",
      "instances": [
        {
          "schema_version": 0,
          "attributes": {
            "allow_merge_commit": true,
            "allow_rebase_merge": false,
            "allow_squash_merge": false,
            "archived": false,
            "auto_init": true,
            "default_branch": "master",
            "description": "Puppet code for GOV.UK Verify",
            "etag": "W/\"ea1c694e8e83b1b0e1118aabbff307d2\"",
            "full_name": "alphagov/verify-puppet",
            "git_clone_url": "git://github.com/alphagov/verify-puppet.git",
            "gitignore_template": null,
            "has_downloads": false,
            "has_issues": true,
            "has_projects": null,
            "has_wiki": true,
            "homepage_url": "",
            "html_url": "https://github.com/alphagov/verify-puppet",
            "http_clone_url": "https://github.com/alphagov/verify-puppet.git",
            "id": "verify-puppet",
            "license_template": null,
            "name": "verify-puppet",
            "private": true,
            "ssh_clone_url": "git@github.com:alphagov/verify-puppet.git",
            "svn_url": "https://github.com/alphagov/verify-puppet",
            "topics": [
              "verify"
            ]
          }
        }
      ]
    },
    {
      "module": "module.repo_verify_data_schemas",
      "mode": "managed",
      "type": "github_repository",
      "name": "repo",
      "provider": "provider.github",
      "instances": [
        {
          "schema_version": 0,
          "attributes": {
            "allow_merge_commit": true,
            "allow_rebase_merge": false,
            "allow_squash_merge": false,
            "archived": true,
            "auto_init": true,
            "default_branch": "master",
            "description": "YAML specifications for Verify data",
            "etag": "W/\"3af35d424b06873467e170bb71ff97fd\"",
            "full_name": "alphagov/verify-data-schemas",
            "git_clone_url": "git://github.com/alphagov/verify-data-schemas.git",
            "gitignore_template": null,
            "has_downloads": false,
            "has_issues": true,
            "has_projects": null,
            "has_wiki": true,
            "homepage_url": "",
            "html_url": "https://github.com/alphagov/verify-data-schemas",
            "http_clone_url": "https://github.com/alphagov/verify-data-schemas.git",
            "id": "verify-data-schemas",
            "license_template": null,
            "name": "verify-data-schemas",
            "private": false,
            "ssh_clone_url": "git@github.com:alphagov/verify-data-schemas.git",
            "svn_url": "https://github.com/alphagov/verify-data-schemas",
            "topics": [
              "verify"
            ]
          }
        }
      ]
    },
    {
      "module": "module.repo_verify_blackbox_passwords",
      "mode": "managed",
      "type": "github_repository",
      "name": "repo",
      "provider": "provider.github",
      "instances": [
        {
          "schema_version": 0,
          "attributes": {
            "allow_merge_commit": true,
            "allow_rebase_merge": false,
            "allow_squash_merge": false,
            "archived": false,
            "auto_init": null,
            "default_branch": "master",
            "description": "Securely stored credentials for Verify",
            "etag": "W/\"dee391ba7baf91f4f600e130e5a243d6\"",
            "full_name": "alphagov/verify-blackbox-passwords",
            "git_clone_url": "git://github.com/alphagov/verify-blackbox-passwords.git",
            "gitignore_template": null,
            "has_downloads": false,
            "has_issues": true,
            "has_projects": null,
            "has_wiki": true,
            "homepage_url": "",
            "html_url": "https://github.com/alphagov/verify-blackbox-passwords",
            "http_clone_url": "https://github.com/alphagov/verify-blackbox-passwords.git",
            "id": "verify-blackbox-passwords",
            "license_template": null,
            "name": "verify-blackbox-passwords",
            "private": true,
            "ssh_clone_url": "git@github.com:alphagov/verify-blackbox-passwords.git",
            "svn_url": "https://github.com/alphagov/verify-blackbox-passwords",
            "topics": [
              "verify"
            ]
          }
        }
      ]
    },
    {
      "module": "module.repo_splunk_library_javalogging",
      "mode": "managed",
      "type": "github_repository",
      "name": "repo",
      "provider": "provider.github",
      "instances": [
        {
          "schema_version": 0,
          "attributes": {
            "allow_merge_commit": true,
            "allow_rebase_merge": false,
            "allow_squash_merge": false,
            "archived": false,
            "auto_init": false,
            "default_branch": "master",
            "description": "",
            "etag": "W/\"0d604292c0cbf67cfd37f4d4d2626be5\"",
            "full_name": "alphagov/splunk-library-javalogging",
            "git_clone_url": "git://github.com/alphagov/splunk-library-javalogging.git",
            "gitignore_template": null,
            "has_downloads": false,
            "has_issues": true,
            "has_projects": null,
            "has_wiki": true,
            "homepage_url": "",
            "html_url": "https://github.com/alphagov/splunk-library-javalogging",
            "http_clone_url": "https://github.com/alphagov/splunk-library-javalogging.git",
            "id": "splunk-library-javalogging",
            "license_template": null,
            "name": "splunk-library-javalogging",
            "private": false,
            "ssh_clone_url": "git@github.com:alphagov/splunk-library-javalogging.git",
            "svn_url": "https://github.com/alphagov/splunk-library-javalogging",
            "topics": []
          }
        }
      ]
    },
    {
      "module": "module.repo_verify_event_system_alarm_notifier",
      "mode": "managed",
      "type": "github_repository",
      "name": "repo",
      "provider": "provider.github",
      "instances": [
        {
          "schema_version": 0,
          "attributes": {
            "allow_merge_commit": true,
            "allow_rebase_merge": false,
            "allow_squash_merge": false,
            "archived": false,
            "auto_init": true,
            "default_branch": "master",
            "description": "Lambda functions for monitoring alarm notifications",
            "etag": "W/\"808210f38c10e9c94768cbd587640c41\"",
            "full_name": "alphagov/verify-event-system-alarm-notifier",
            "git_clone_url": "git://github.com/alphagov/verify-event-system-alarm-notifier.git",
            "gitignore_template": null,
            "has_downloads": false,
            "has_issues": true,
            "has_projects": null,
            "has_wiki": true,
            "homepage_url": "",
            "html_url": "https://github.com/alphagov/verify-event-system-alarm-notifier",
            "http_clone_url": "https://github.com/alphagov/verify-event-system-alarm-notifier.git",
            "id": "verify-event-system-alarm-notifier",
            "license_template": null,
            "name": "verify-event-system-alarm-notifier",
            "private": false,
            "ssh_clone_url": "git@github.com:alphagov/verify-event-system-alarm-notifier.git",
            "svn_url": "https://github.com/alphagov/verify-event-system-alarm-notifier",
            "topics": []
          }
        }
      ]
    },
    {
      "module": "module.repo_verify_self_service",
      "mode": "managed",
      "type": "github_repository",
      "name": "repo",
      "provider": "provider.github",
      "instances": [
        {
          "schema_version": 0,
          "attributes": {
            "allow_merge_commit": true,
            "allow_rebase_merge": false,
            "allow_squash_merge": false,
            "archived": false,
            "auto_init": null,
            "default_branch": "master",
            "description": "Verify self-service platform",
            "etag": "W/\"5c2850d86c85fb3a88b17ce870c0e45d\"",
            "full_name": "alphagov/verify-self-service",
            "git_clone_url": "git://github.com/alphagov/verify-self-service.git",
            "gitignore_template": null,
            "has_downloads": false,
            "has_issues": true,
            "has_projects": null,
            "has_wiki": true,
            "homepage_url": "",
            "html_url": "https://github.com/alphagov/verify-self-service",
            "http_clone_url": "https://github.com/alphagov/verify-self-service.git",
            "id": "verify-self-service",
            "license_template": null,
            "name": "verify-self-service",
            "private": false,
            "ssh_clone_url": "git@github.com:alphagov/verify-self-service.git",
            "svn_url": "https://github.com/alphagov/verify-self-service",
            "topics": [
              "verify"
            ]
          }
        }
      ]
    },
    {
      "module": "module.repo_verify_event_emitter",
      "mode": "managed",
      "type": "github_repository",
      "name": "repo",
      "provider": "provider.github",
      "instances": [
        {
          "schema_version": 0,
          "attributes": {
            "allow_merge_commit": true,
            "allow_rebase_merge": false,
            "allow_squash_merge": false,
            "archived": false,
            "auto_init": true,
            "default_branch": "master",
            "description": "Send events",
            "etag": "W/\"657f19d0d512fc2eb153c196bf2b8aee\"",
            "full_name": "alphagov/verify-event-emitter",
            "git_clone_url": "git://github.com/alphagov/verify-event-emitter.git",
            "gitignore_template": null,
            "has_downloads": false,
            "has_issues": true,
            "has_projects": null,
            "has_wiki": true,
            "homepage_url": "",
            "html_url": "https://github.com/alphagov/verify-event-emitter",
            "http_clone_url": "https://github.com/alphagov/verify-event-emitter.git",
            "id": "verify-event-emitter",
            "license_template": null,
            "name": "verify-event-emitter",
            "private": false,
            "ssh_clone_url": "git@github.com:alphagov/verify-event-emitter.git",
            "svn_url": "https://github.com/alphagov/verify-event-emitter",
            "topics": [
              "verify"
            ]
          }
        }
      ]
    },
    {
      "module": "module.repo_verify_il3_laptop_bootstrap",
      "mode": "managed",
      "type": "github_repository",
      "name": "repo",
      "provider": "provider.github",
      "instances": [
        {
          "schema_version": 0,
          "attributes": {
            "allow_merge_commit": true,
            "allow_rebase_merge": false,
            "allow_squash_merge": false,
            "archived": false,
            "auto_init": true,
            "default_branch": "master",
            "description": "A simple set of shell scripts to set up a secure build laptop for Verify",
            "etag": "W/\"c166e6dc2185abd96e88ea4865828527\"",
            "full_name": "alphagov/verify-il3-laptop-bootstrap",
            "git_clone_url": "git://github.com/alphagov/verify-il3-laptop-bootstrap.git",
            "gitignore_template": null,
            "has_downloads": false,
            "has_issues": true,
            "has_projects": null,
            "has_wiki": true,
            "homepage_url": "",
            "html_url": "https://github.com/alphagov/verify-il3-laptop-bootstrap",
            "http_clone_url": "https://github.com/alphagov/verify-il3-laptop-bootstrap.git",
            "id": "verify-il3-laptop-bootstrap",
            "license_template": null,
            "name": "verify-il3-laptop-bootstrap",
            "private": true,
            "ssh_clone_url": "git@github.com:alphagov/verify-il3-laptop-bootstrap.git",
            "svn_url": "https://github.com/alphagov/verify-il3-laptop-bootstrap",
            "topics": [
              "verify"
            ]
          }
        }
      ]
    },
    {
      "module": "module.repo_dcs_client_acceptance_tests",
      "mode": "managed",
      "type": "github_repository",
      "name": "repo",
      "provider": "provider.github",
      "instances": [
        {
          "schema_version": 0,
          "attributes": {
            "allow_merge_commit": true,
            "allow_rebase_merge": false,
            "allow_squash_merge": false,
            "archived": false,
            "auto_init": true,
            "default_branch": "master",
            "description": "Acceptance tests for the DCS client - https://github.com/alphagov/dcs-client",
            "etag": "W/\"1c85420f87a168bd12f3ac427cf3b337\"",
            "full_name": "alphagov/dcs-client-acceptance-tests",
            "git_clone_url": "git://github.com/alphagov/dcs-client-acceptance-tests.git",
            "gitignore_template": null,
            "has_downloads": false,
            "has_issues": true,
            "has_projects": null,
            "has_wiki": true,
            "homepage_url": "",
            "html_url": "https://github.com/alphagov/dcs-client-acceptance-tests",
            "http_clone_url": "https://github.com/alphagov/dcs-client-acceptance-tests.git",
            "id": "dcs-client-acceptance-tests",
            "license_template": null,
            "name": "dcs-client-acceptance-tests",
            "private": true,
            "ssh_clone_url": "git@github.com:alphagov/dcs-client-acceptance-tests.git",
            "svn_url": "https://github.com/alphagov/dcs-client-acceptance-tests",
            "topics": [
              "verify"
            ]
          }
        }
      ]
    },
    {
      "module": "module.repo_dcs_client",
      "mode": "managed",
      "type": "github_repository",
      "name": "repo",
      "provider": "provider.github",
      "instances": [
        {
          "schema_version": 0,
          "attributes": {
            "allow_merge_commit": true,
            "allow_rebase_merge": false,
            "allow_squash_merge": false,
            "archived": false,
            "auto_init": true,
            "default_branch": "master",
            "description": "A client for the Document Checking Service",
            "etag": "W/\"d3d18e7a976f80538637ac34e5e6a1f4\"",
            "full_name": "alphagov/dcs-client",
            "git_clone_url": "git://github.com/alphagov/dcs-client.git",
            "gitignore_template": null,
            "has_downloads": false,
            "has_issues": true,
            "has_projects": null,
            "has_wiki": true,
            "homepage_url": "",
            "html_url": "https://github.com/alphagov/dcs-client",
            "http_clone_url": "https://github.com/alphagov/dcs-client.git",
            "id": "dcs-client",
            "license_template": null,
            "name": "dcs-client",
            "private": false,
            "ssh_clone_url": "git@github.com:alphagov/dcs-client.git",
            "svn_url": "https://github.com/alphagov/dcs-client",
            "topics": [
              "dcs",
              "verify"
            ]
          }
        }
      ]
    },
    {
      "module": "module.repo_verify_fabric",
      "mode": "managed",
      "type": "github_repository",
      "name": "repo",
      "provider": "provider.github",
      "instances": [
        {
          "schema_version": 0,
          "attributes": {
            "allow_merge_commit": true,
            "allow_rebase_merge": false,
            "allow_squash_merge": false,
            "archived": false,
            "auto_init": true,
            "default_branch": "master",
            "description": " Fabric for Verify ",
            "etag": "W/\"9f01ef064160fc21855fa1018a1674e8\"",
            "full_name": "alphagov/verify-fabric",
            "git_clone_url": "git://github.com/alphagov/verify-fabric.git",
            "gitignore_template": null,
            "has_downloads": false,
            "has_issues": true,
            "has_projects": null,
            "has_wiki": true,
            "homepage_url": "",
            "html_url": "https://github.com/alphagov/verify-fabric",
            "http_clone_url": "https://github.com/alphagov/verify-fabric.git",
            "id": "verify-fabric",
            "license_template": null,
            "name": "verify-fabric",
            "private": true,
            "ssh_clone_url": "git@github.com:alphagov/verify-fabric.git",
            "svn_url": "https://github.com/alphagov/verify-fabric",
            "topics": [
              "verify"
            ]
          }
        }
      ]
    },
    {
      "module": "module.repo_verify_utils_libs",
      "mode": "managed",
      "type": "github_repository",
      "name": "repo",
      "provider": "provider.github",
      "instances": [
        {
          "schema_version": 0,
          "attributes": {
            "allow_merge_commit": true,
            "allow_rebase_merge": false,
            "allow_squash_merge": false,
            "archived": false,
            "auto_init": true,
            "default_branch": "master",
            "description": "Libraries used across multiple Verify projects",
            "etag": "W/\"b92f87d99fde5241c6900266ea050f71\"",
            "full_name": "alphagov/verify-utils-libs",
            "git_clone_url": "git://github.com/alphagov/verify-utils-libs.git",
            "gitignore_template": null,
            "has_downloads": false,
            "has_issues": true,
            "has_projects": null,
            "has_wiki": true,
            "homepage_url": "",
            "html_url": "https://github.com/alphagov/verify-utils-libs",
            "http_clone_url": "https://github.com/alphagov/verify-utils-libs.git",
            "id": "verify-utils-libs",
            "license_template": null,
            "name": "verify-utils-libs",
            "private": false,
            "ssh_clone_url": "git@github.com:alphagov/verify-utils-libs.git",
            "svn_url": "https://github.com/alphagov/verify-utils-libs",
            "topics": [
              "verify"
            ]
          }
        }
      ]
    },
    {
      "module": "module.repo_verify_build_scripts",
      "mode": "managed",
      "type": "github_repository",
      "name": "repo",
      "provider": "provider.github",
      "instances": [
        {
          "schema_version": 0,
          "attributes": {
            "allow_merge_commit": true,
            "allow_rebase_merge": false,
            "allow_squash_merge": false,
            "archived": false,
            "auto_init": true,
            "default_branch": "master",
            "description": "Useful scripts and tools for Verify tech",
            "etag": "W/\"f853f661fab626f782ba9f7acd48441c\"",
            "full_name": "alphagov/verify-build-scripts",
            "git_clone_url": "git://github.com/alphagov/verify-build-scripts.git",
            "gitignore_template": null,
            "has_downloads": false,
            "has_issues": true,
            "has_projects": null,
            "has_wiki": true,
            "homepage_url": "",
            "html_url": "https://github.com/alphagov/verify-build-scripts",
            "http_clone_url": "https://github.com/alphagov/verify-build-scripts.git",
            "id": "verify-build-scripts",
            "license_template": null,
            "name": "verify-build-scripts",
            "private": true,
            "ssh_clone_url": "git@github.com:alphagov/verify-build-scripts.git",
            "svn_url": "https://github.com/alphagov/verify-build-scripts",
            "topics": [
              "verify"
            ]
          }
        }
      ]
    },
    {
      "module": "module.repo_verify_eidas_trust_anchor",
      "mode": "managed",
      "type": "github_repository",
      "name": "repo",
      "provider": "provider.github",
      "instances": [
        {
          "schema_version": 0,
          "attributes": {
            "allow_merge_commit": true,
            "allow_rebase_merge": false,
            "allow_squash_merge": false,
            "archived": false,
            "auto_init": true,
            "default_branch": "master",
            "description": "Generates trust anchors as JSON Web Keys that allow MSAs and Hubs to validate European metadata.",
            "etag": "W/\"92730368b90577aa3e22295f564c9777\"",
            "full_name": "alphagov/verify-eidas-trust-anchor",
            "git_clone_url": "git://github.com/alphagov/verify-eidas-trust-anchor.git",
            "gitignore_template": null,
            "has_downloads": false,
            "has_issues": true,
            "has_projects": null,
            "has_wiki": true,
            "homepage_url": "",
            "html_url": "https://github.com/alphagov/verify-eidas-trust-anchor",
            "http_clone_url": "https://github.com/alphagov/verify-eidas-trust-anchor.git",
            "id": "verify-eidas-trust-anchor",
            "license_template": null,
            "name": "verify-eidas-trust-anchor",
            "private": false,
            "ssh_clone_url": "git@github.com:alphagov/verify-eidas-trust-anchor.git",
            "svn_url": "https://github.com/alphagov/verify-eidas-trust-anchor",
            "topics": [
              "verify"
            ]
          }
        }
      ]
    },
    {
      "module": "module.repo_verify_metadata",
      "mode": "managed",
      "type": "github_repository",
      "name": "repo",
      "provider": "provider.github",
      "instances": [
        {
          "schema_version": 0,
          "attributes": {
            "allow_merge_commit": true,
            "allow_rebase_merge": false,
            "allow_squash_merge": false,
            "archived": false,
            "auto_init": true,
            "default_branch": "master",
            "description": "Verify SAML metadata sources",
            "etag": "W/\"4a5790d05c85b840402e4b97ef9cc892\"",
            "full_name": "alphagov/verify-metadata",
            "git_clone_url": "git://github.com/alphagov/verify-metadata.git",
            "gitignore_template": null,
            "has_downloads": false,
            "has_issues": true,
            "has_projects": null,
            "has_wiki": true,
            "homepage_url": "",
            "html_url": "https://github.com/alphagov/verify-metadata",
            "http_clone_url": "https://github.com/alphagov/verify-metadata.git",
            "id": "verify-metadata",
            "license_template": null,
            "name": "verify-metadata",
            "private": true,
            "ssh_clone_url": "git@github.com:alphagov/verify-metadata.git",
            "svn_url": "https://github.com/alphagov/verify-metadata",
            "topics": [
              "verify"
            ]
          }
        }
      ]
    },
    {
      "module": "module.repo_verify_idp_predictor",
      "mode": "managed",
      "type": "github_repository",
      "name": "repo",
      "provider": "provider.github",
      "instances": [
        {
          "schema_version": 0,
          "attributes": {
            "allow_merge_commit": true,
            "allow_rebase_merge": false,
            "allow_squash_merge": false,
            "archived": false,
            "auto_init": null,
            "default_branch": "master",
            "description": "The IDP Predictor for GOV.UK Verify.",
            "etag": "W/\"6f3802eb7b277777d9eb48a2a8b9b14c\"",
            "full_name": "alphagov/verify-idp-predictor",
            "git_clone_url": "git://github.com/alphagov/verify-idp-predictor.git",
            "gitignore_template": null,
            "has_downloads": false,
            "has_issues": true,
            "has_projects": null,
            "has_wiki": true,
            "homepage_url": "",
            "html_url": "https://github.com/alphagov/verify-idp-predictor",
            "http_clone_url": "https://github.com/alphagov/verify-idp-predictor.git",
            "id": "verify-idp-predictor",
            "license_template": null,
            "name": "verify-idp-predictor",
            "private": true,
            "ssh_clone_url": "git@github.com:alphagov/verify-idp-predictor.git",
            "svn_url": "https://github.com/alphagov/verify-idp-predictor",
            "topics": []
          }
        }
      ]
    },
    {
      "module": "module.repo_verify_test_repo",
      "mode": "managed",
      "type": "github_repository",
      "name": "repo",
      "provider": "provider.github",
      "instances": [
        {
          "schema_version": 0,
          "attributes": {
            "allow_merge_commit": true,
            "allow_rebase_merge": false,
            "allow_squash_merge": false,
            "archived": false,
            "auto_init": true,
            "default_branch": "master",
            "description": "Test repo",
            "etag": "W/\"68bf5e4538f73b2d378fc26967ef8d4b\"",
            "full_name": "alphagov/verify-test-repo",
            "git_clone_url": "git://github.com/alphagov/verify-test-repo.git",
            "gitignore_template": null,
            "has_downloads": false,
            "has_issues": true,
            "has_projects": null,
            "has_wiki": true,
            "homepage_url": "",
            "html_url": "https://github.com/alphagov/verify-test-repo",
            "http_clone_url": "https://github.com/alphagov/verify-test-repo.git",
            "id": "verify-test-repo",
            "license_template": null,
            "name": "verify-test-repo",
            "private": false,
            "ssh_clone_url": "git@github.com:alphagov/verify-test-repo.git",
            "svn_url": "https://github.com/alphagov/verify-test-repo",
            "topics": []
          }
        }
      ]
    },
    {
      "module": "module.repo_verify_stub_idp",
      "mode": "managed",
      "type": "github_repository",
      "name": "repo",
      "provider": "provider.github",
      "instances": [
        {
          "schema_version": 0,
          "attributes": {
            "allow_merge_commit": true,
            "allow_rebase_merge": false,
            "allow_squash_merge": false,
            "archived": false,
            "auto_init": true,
            "default_branch": "master",
            "description": "Stub Identity Provider and Stub eIDAS Proxy Service Node used for testing GOV.UK Verify",
            "etag": "W/\"cd4bce7d51701eb3dfc2ef7897c292b2\"",
            "full_name": "alphagov/verify-stub-idp",
            "git_clone_url": "git://github.com/alphagov/verify-stub-idp.git",
            "gitignore_template": null,
            "has_downloads": false,
            "has_issues": true,
            "has_projects": null,
            "has_wiki": true,
            "homepage_url": "",
            "html_url": "https://github.com/alphagov/verify-stub-idp",
            "http_clone_url": "https://github.com/alphagov/verify-stub-idp.git",
            "id": "verify-stub-idp",
            "license_template": null,
            "name": "verify-stub-idp",
            "private": false,
            "ssh_clone_url": "git@github.com:alphagov/verify-stub-idp.git",
            "svn_url": "https://github.com/alphagov/verify-stub-idp",
            "topics": [
              "eidas",
              "idp",
              "stub",
              "verify"
            ]
          }
        }
      ]
    },
    {
      "module": "module.repo_verify_matomo_utils",
      "mode": "managed",
      "type": "github_repository",
      "name": "repo",
      "provider": "provider.github",
      "instances": [
        {
          "schema_version": 0,
          "attributes": {
            "allow_merge_commit": true,
            "allow_rebase_merge": false,
            "allow_squash_merge": false,
            "archived": false,
            "auto_init": true,
            "default_branch": "master",
            "description": "Collection of tools used for interacting with Matomo (formerly called Piwik)",
            "etag": "W/\"cf4aa3c4d80f85e69ad1176ad4868191\"",
            "full_name": "alphagov/verify-matomo-utils",
            "git_clone_url": "git://github.com/alphagov/verify-matomo-utils.git",
            "gitignore_template": null,
            "has_downloads": false,
            "has_issues": true,
            "has_projects": null,
            "has_wiki": true,
            "homepage_url": "",
            "html_url": "https://github.com/alphagov/verify-matomo-utils",
            "http_clone_url": "https://github.com/alphagov/verify-matomo-utils.git",
            "id": "verify-matomo-utils",
            "license_template": null,
            "name": "verify-matomo-utils",
            "private": false,
            "ssh_clone_url": "git@github.com:alphagov/verify-matomo-utils.git",
            "svn_url": "https://github.com/alphagov/verify-matomo-utils",
            "topics": []
          }
        }
      ]
    },
    {
      "module": "module.repo_verify_local_matching_service_example",
      "mode": "managed",
      "type": "github_repository",
      "name": "repo",
      "provider": "provider.github",
      "instances": [
        {
          "schema_version": 0,
          "attributes": {
            "allow_merge_commit": true,
            "allow_rebase_merge": false,
            "allow_squash_merge": false,
            "archived": false,
            "auto_init": true,
            "default_branch": "master",
            "description": "",
            "etag": "W/\"75f27655e5a2816eb2cb9639c2f86744\"",
            "full_name": "alphagov/verify-local-matching-service-example",
            "git_clone_url": "git://github.com/alphagov/verify-local-matching-service-example.git",
            "gitignore_template": null,
            "has_downloads": false,
            "has_issues": true,
            "has_projects": null,
            "has_wiki": true,
            "homepage_url": "",
            "html_url": "https://github.com/alphagov/verify-local-matching-service-example",
            "http_clone_url": "https://github.com/alphagov/verify-local-matching-service-example.git",
            "id": "verify-local-matching-service-example",
            "license_template": null,
            "name": "verify-local-matching-service-example",
            "private": false,
            "ssh_clone_url": "git@github.com:alphagov/verify-local-matching-service-example.git",
            "svn_url": "https://github.com/alphagov/verify-local-matching-service-example",
            "topics": [
              "verify"
            ]
          }
        }
      ]
    },
    {
      "module": "module.repo_doc_checking",
      "mode": "managed",
      "type": "github_repository",
      "name": "repo",
      "provider": "provider.github",
      "instances": [
        {
          "schema_version": 0,
          "attributes": {
            "allow_merge_commit": true,
            "allow_rebase_merge": false,
            "allow_squash_merge": false,
            "archived": false,
            "auto_init": true,
            "default_branch": "master",
            "description": "Verify Document Checking Service",
            "etag": "W/\"03b738e77652eceb0907c024eceff6e1\"",
            "full_name": "alphagov/doc-checking",
            "git_clone_url": "git://github.com/alphagov/doc-checking.git",
            "gitignore_template": null,
            "has_downloads": false,
            "has_issues": true,
            "has_projects": null,
            "has_wiki": true,
            "homepage_url": "",
            "html_url": "https://github.com/alphagov/doc-checking",
            "http_clone_url": "https://github.com/alphagov/doc-checking.git",
            "id": "doc-checking",
            "license_template": null,
            "name": "doc-checking",
            "private": true,
            "ssh_clone_url": "git@github.com:alphagov/doc-checking.git",
            "svn_url": "https://github.com/alphagov/doc-checking",
            "topics": [
              "verify"
            ]
          }
        }
      ]
    },
    {
      "module": "module.repo_ida_compliance_tool",
      "mode": "managed",
      "type": "github_repository",
      "name": "repo",
      "provider": "provider.github",
      "instances": [
        {
          "schema_version": 0,
          "attributes": {
            "allow_merge_commit": true,
            "allow_rebase_merge": false,
            "allow_squash_merge": false,
            "archived": false,
            "auto_init": true,
            "default_branch": "master",
            "description": "Verify Compliance Tool (temporary)",
            "etag": "W/\"ce34d5f896b52533c7f60c9b83127daf\"",
            "full_name": "alphagov/ida-compliance-tool",
            "git_clone_url": "git://github.com/alphagov/ida-compliance-tool.git",
            "gitignore_template": null,
            "has_downloads": false,
            "has_issues": true,
            "has_projects": null,
            "has_wiki": true,
            "homepage_url": "",
            "html_url": "https://github.com/alphagov/ida-compliance-tool",
            "http_clone_url": "https://github.com/alphagov/ida-compliance-tool.git",
            "id": "ida-compliance-tool",
            "license_template": null,
            "name": "ida-compliance-tool",
            "private": true,
            "ssh_clone_url": "git@github.com:alphagov/ida-compliance-tool.git",
            "svn_url": "https://github.com/alphagov/ida-compliance-tool",
            "topics": [
              "verify"
            ]
          }
        }
      ]
    },
    {
      "module": "module.repo_verify_eidas_metadata_aggregator",
      "mode": "managed",
      "type": "github_repository",
      "name": "repo",
      "provider": "provider.github",
      "instances": [
        {
          "schema_version": 0,
          "attributes": {
            "allow_merge_commit": true,
            "allow_rebase_merge": false,
            "allow_squash_merge": false,
            "archived": false,
            "auto_init": true,
            "default_branch": "master",
            "description": "Script to aggregate SAML metadata from EU countries",
            "etag": "W/\"9b5e0b9437fe1f1df9dd47acbf3b8ba1\"",
            "full_name": "alphagov/verify-eidas-metadata-aggregator",
            "git_clone_url": "git://github.com/alphagov/verify-eidas-metadata-aggregator.git",
            "gitignore_template": null,
            "has_downloads": false,
            "has_issues": true,
            "has_projects": null,
            "has_wiki": true,
            "homepage_url": "",
            "html_url": "https://github.com/alphagov/verify-eidas-metadata-aggregator",
            "http_clone_url": "https://github.com/alphagov/verify-eidas-metadata-aggregator.git",
            "id": "verify-eidas-metadata-aggregator",
            "license_template": null,
            "name": "verify-eidas-metadata-aggregator",
            "private": false,
            "ssh_clone_url": "git@github.com:alphagov/verify-eidas-metadata-aggregator.git",
            "svn_url": "https://github.com/alphagov/verify-eidas-metadata-aggregator",
            "topics": [
              "verify"
            ]
          }
        }
      ]
    },
    {
      "module": "module.repo_verify_jenkins_job_builder",
      "mode": "managed",
      "type": "github_repository",
      "name": "repo",
      "provider": "provider.github",
      "instances": [
        {
          "schema_version": 0,
          "attributes": {
            "allow_merge_commit": true,
            "allow_rebase_merge": false,
            "allow_squash_merge": false,
            "archived": false,
            "auto_init": true,
            "default_branch": "master",
            "description": "Verify Jenkins Job Builder configuration",
            "etag": "W/\"d4d69cc1ee311464bba55f1ac68b6b7d\"",
            "full_name": "alphagov/verify-jenkins-job-builder",
            "git_clone_url": "git://github.com/alphagov/verify-jenkins-job-builder.git",
            "gitignore_template": null,
            "has_downloads": false,
            "has_issues": true,
            "has_projects": null,
            "has_wiki": true,
            "homepage_url": "",
            "html_url": "https://github.com/alphagov/verify-jenkins-job-builder",
            "http_clone_url": "https://github.com/alphagov/verify-jenkins-job-builder.git",
            "id": "verify-jenkins-job-builder",
            "license_template": null,
            "name": "verify-jenkins-job-builder",
            "private": true,
            "ssh_clone_url": "git@github.com:alphagov/verify-jenkins-job-builder.git",
            "svn_url": "https://github.com/alphagov/verify-jenkins-job-builder",
            "topics": [
              "verify"
            ]
          }
        }
      ]
    },
    {
      "module": "module.repo_verify_event_recorder_service",
      "mode": "managed",
      "type": "github_repository",
      "name": "repo",
      "provider": "provider.github",
      "instances": [
        {
          "schema_version": 0,
          "attributes": {
            "allow_merge_commit": true,
            "allow_rebase_merge": false,
            "allow_squash_merge": false,
            "archived": false,
            "auto_init": true,
            "default_branch": "master",
            "description": "This service is part of Verify's event recording system; its purpose is to read events from a queue and write them to a permanent datastore.",
            "etag": "W/\"b49c1c3a8083858002b87976849ba04f\"",
            "full_name": "alphagov/verify-event-recorder-service",
            "git_clone_url": "git://github.com/alphagov/verify-event-recorder-service.git",
            "gitignore_template": null,
            "has_downloads": false,
            "has_issues": true,
            "has_projects": null,
            "has_wiki": true,
            "homepage_url": "",
            "html_url": "https://github.com/alphagov/verify-event-recorder-service",
            "http_clone_url": "https://github.com/alphagov/verify-event-recorder-service.git",
            "id": "verify-event-recorder-service",
            "license_template": null,
            "name": "verify-event-recorder-service",
            "private": false,
            "ssh_clone_url": "git@github.com:alphagov/verify-event-recorder-service.git",
            "svn_url": "https://github.com/alphagov/verify-event-recorder-service",
            "topics": [
              "verify"
            ]
          }
        }
      ]
    },
    {
      "module": "module.repo_verify_idp_pid_hasherator",
      "mode": "managed",
      "type": "github_repository",
      "name": "repo",
      "provider": "provider.github",
      "instances": [
        {
          "schema_version": 0,
          "attributes": {
            "allow_merge_commit": true,
            "allow_rebase_merge": false,
            "allow_squash_merge": false,
            "archived": false,
            "auto_init": null,
            "default_branch": "master",
            "description": "Hash event PIDs from IDP reports for reconciliation",
            "etag": "W/\"873e332a67b848b2f3884f9b2d4619f4\"",
            "full_name": "alphagov/verify-idp-pid-hasherator",
            "git_clone_url": "git://github.com/alphagov/verify-idp-pid-hasherator.git",
            "gitignore_template": null,
            "has_downloads": false,
            "has_issues": true,
            "has_projects": null,
            "has_wiki": true,
            "homepage_url": "",
            "html_url": "https://github.com/alphagov/verify-idp-pid-hasherator",
            "http_clone_url": "https://github.com/alphagov/verify-idp-pid-hasherator.git",
            "id": "verify-idp-pid-hasherator",
            "license_template": null,
            "name": "verify-idp-pid-hasherator",
            "private": false,
            "ssh_clone_url": "git@github.com:alphagov/verify-idp-pid-hasherator.git",
            "svn_url": "https://github.com/alphagov/verify-idp-pid-hasherator",
            "topics": []
          }
        }
      ]
    },
    {
      "module": "module.repo_verify_release_logs",
      "mode": "managed",
      "type": "github_repository",
      "name": "repo",
      "provider": "provider.github",
      "instances": [
        {
          "schema_version": 0,
          "attributes": {
            "allow_merge_commit": true,
            "allow_rebase_merge": false,
            "allow_squash_merge": false,
            "archived": false,
            "auto_init": null,
            "default_branch": "master",
            "description": "Logs of releases generated from the verify-release-automation tool",
            "etag": "W/\"3f2e17d7053470d696d43b086c4ce90c\"",
            "full_name": "alphagov/verify-release-logs",
            "git_clone_url": "git://github.com/alphagov/verify-release-logs.git",
            "gitignore_template": null,
            "has_downloads": false,
            "has_issues": true,
            "has_projects": null,
            "has_wiki": true,
            "homepage_url": "",
            "html_url": "https://github.com/alphagov/verify-release-logs",
            "http_clone_url": "https://github.com/alphagov/verify-release-logs.git",
            "id": "verify-release-logs",
            "license_template": null,
            "name": "verify-release-logs",
            "private": true,
            "ssh_clone_url": "git@github.com:alphagov/verify-release-logs.git",
            "svn_url": "https://github.com/alphagov/verify-release-logs",
            "topics": [
              "verify"
            ]
          }
        }
      ]
    },
    {
      "module": "module.repo_verify_german_eidas_middleware",
      "mode": "managed",
      "type": "github_repository",
      "name": "repo",
      "provider": "provider.github",
      "instances": [
        {
          "schema_version": 0,
          "attributes": {
            "allow_merge_commit": true,
            "allow_rebase_merge": false,
            "allow_squash_merge": false,
            "archived": false,
            "auto_init": true,
            "default_branch": "master",
            "description": "",
            "etag": "W/\"ee1b54bf2fedfb48d97c2415e0d0520a\"",
            "full_name": "alphagov/verify-german-eidas-middleware",
            "git_clone_url": "git://github.com/alphagov/verify-german-eidas-middleware.git",
            "gitignore_template": null,
            "has_downloads": false,
            "has_issues": true,
            "has_projects": null,
            "has_wiki": true,
            "homepage_url": "",
            "html_url": "https://github.com/alphagov/verify-german-eidas-middleware",
            "http_clone_url": "https://github.com/alphagov/verify-german-eidas-middleware.git",
            "id": "verify-german-eidas-middleware",
            "license_template": null,
            "name": "verify-german-eidas-middleware",
            "private": false,
            "ssh_clone_url": "git@github.com:alphagov/verify-german-eidas-middleware.git",
            "svn_url": "https://github.com/alphagov/verify-german-eidas-middleware",
            "topics": [
              "verify"
            ]
          }
        }
      ]
    },
    {
      "module": "module.repo_dcs_performance_tests",
      "mode": "managed",
      "type": "github_repository",
      "name": "repo",
      "provider": "provider.github",
      "instances": [
        {
          "schema_version": 0,
          "attributes": {
            "allow_merge_commit": true,
            "allow_rebase_merge": false,
            "allow_squash_merge": false,
            "archived": false,
            "auto_init": true,
            "default_branch": "master",
            "description": "Verify DCS Performance Tests",
            "etag": "W/\"18151dfee76d4d9cb1b986c1e6cbb6e7\"",
            "full_name": "alphagov/dcs-performance-tests",
            "git_clone_url": "git://github.com/alphagov/dcs-performance-tests.git",
            "gitignore_template": null,
            "has_downloads": false,
            "has_issues": true,
            "has_projects": null,
            "has_wiki": true,
            "homepage_url": "",
            "html_url": "https://github.com/alphagov/dcs-performance-tests",
            "http_clone_url": "https://github.com/alphagov/dcs-performance-tests.git",
            "id": "dcs-performance-tests",
            "license_template": null,
            "name": "dcs-performance-tests",
            "private": true,
            "ssh_clone_url": "git@github.com:alphagov/dcs-performance-tests.git",
            "svn_url": "https://github.com/alphagov/dcs-performance-tests",
            "topics": [
              "verify"
            ]
          }
        }
      ]
    },
    {
      "module": "module.repo_verify_token_service",
      "mode": "managed",
      "type": "github_repository",
      "name": "repo",
      "provider": "provider.github",
      "instances": [
        {
          "schema_version": 0,
          "attributes": {
            "allow_merge_commit": true,
            "allow_rebase_merge": false,
            "allow_squash_merge": false,
            "archived": true,
            "auto_init": true,
            "default_branch": "master",
            "description": "Verify Token Service",
            "etag": "W/\"ab343d28abddf1109622883137000003\"",
            "full_name": "alphagov/verify-token-service",
            "git_clone_url": "git://github.com/alphagov/verify-token-service.git",
            "gitignore_template": null,
            "has_downloads": false,
            "has_issues": true,
            "has_projects": null,
            "has_wiki": true,
            "homepage_url": "",
            "html_url": "https://github.com/alphagov/verify-token-service",
            "http_clone_url": "https://github.com/alphagov/verify-token-service.git",
            "id": "verify-token-service",
            "license_template": null,
            "name": "verify-token-service",
            "private": true,
            "ssh_clone_url": "git@github.com:alphagov/verify-token-service.git",
            "svn_url": "https://github.com/alphagov/verify-token-service",
            "topics": [
              "verify"
            ]
          }
        }
      ]
    },
    {
      "module": "module.repo_verify_terraform",
      "mode": "managed",
      "type": "github_repository",
      "name": "repo",
      "provider": "provider.github",
      "instances": [
        {
          "schema_version": 0,
          "attributes": {
            "allow_merge_commit": true,
            "allow_rebase_merge": false,
            "allow_squash_merge": false,
            "archived": false,
            "auto_init": true,
            "default_branch": "master",
            "description": "Terraform code for GOV.UK Verify infrastructure",
            "etag": "W/\"a06d1c3b304e8da4a948033f1ce7f7d1\"",
            "full_name": "alphagov/verify-terraform",
            "git_clone_url": "git://github.com/alphagov/verify-terraform.git",
            "gitignore_template": null,
            "has_downloads": false,
            "has_issues": true,
            "has_projects": null,
            "has_wiki": true,
            "homepage_url": "",
            "html_url": "https://github.com/alphagov/verify-terraform",
            "http_clone_url": "https://github.com/alphagov/verify-terraform.git",
            "id": "verify-terraform",
            "license_template": null,
            "name": "verify-terraform",
            "private": true,
            "ssh_clone_url": "git@github.com:alphagov/verify-terraform.git",
            "svn_url": "https://github.com/alphagov/verify-terraform",
            "topics": [
              "verify"
            ]
          }
        }
      ]
    },
    {
      "module": "module.repo_passport_verify_stub_relying_party",
      "mode": "managed",
      "type": "github_repository",
      "name": "repo",
      "provider": "provider.github",
      "instances": [
        {
          "schema_version": 0,
          "attributes": {
            "allow_merge_commit": true,
            "allow_rebase_merge": false,
            "allow_squash_merge": false,
            "archived": false,
            "auto_init": true,
            "default_branch": "master",
            "description": "Stub Relying party that integrates with Verify using the passport-verify library",
            "etag": "W/\"f5caf812bb1bf987fdfd425b7cffa92b\"",
            "full_name": "alphagov/passport-verify-stub-relying-party",
            "git_clone_url": "git://github.com/alphagov/passport-verify-stub-relying-party.git",
            "gitignore_template": null,
            "has_downloads": false,
            "has_issues": true,
            "has_projects": null,
            "has_wiki": true,
            "homepage_url": "",
            "html_url": "https://github.com/alphagov/passport-verify-stub-relying-party",
            "http_clone_url": "https://github.com/alphagov/passport-verify-stub-relying-party.git",
            "id": "passport-verify-stub-relying-party",
            "license_template": null,
            "name": "passport-verify-stub-relying-party",
            "private": false,
            "ssh_clone_url": "git@github.com:alphagov/passport-verify-stub-relying-party.git",
            "svn_url": "https://github.com/alphagov/passport-verify-stub-relying-party",
            "topics": [
              "verify"
            ]
          }
        }
      ]
    },
    {
      "module": "module.repo_verify_data_pipeline",
      "mode": "managed",
      "type": "github_repository",
      "name": "repo",
      "provider": "provider.github",
      "instances": [
        {
          "schema_version": 0,
          "attributes": {
            "allow_merge_commit": true,
            "allow_rebase_merge": false,
            "allow_squash_merge": false,
            "archived": false,
            "auto_init": true,
            "default_branch": "master",
            "description": "Manages Analytics code that generates statistics that inform journey improvements",
            "etag": "W/\"bc1ea0749f55ad2ee656d8ceef5dae77\"",
            "full_name": "alphagov/verify-data-pipeline",
            "git_clone_url": "git://github.com/alphagov/verify-data-pipeline.git",
            "gitignore_template": null,
            "has_downloads": false,
            "has_issues": true,
            "has_projects": null,
            "has_wiki": true,
            "homepage_url": "",
            "html_url": "https://github.com/alphagov/verify-data-pipeline",
            "http_clone_url": "https://github.com/alphagov/verify-data-pipeline.git",
            "id": "verify-data-pipeline",
            "license_template": null,
            "name": "verify-data-pipeline",
            "private": true,
            "ssh_clone_url": "git@github.com:alphagov/verify-data-pipeline.git",
            "svn_url": "https://github.com/alphagov/verify-data-pipeline",
            "topics": [
              "verify"
            ]
          }
        }
      ]
    },
    {
      "module": "module.repo_verify_performance",
      "mode": "managed",
      "type": "github_repository",
      "name": "repo",
      "provider": "provider.github",
      "instances": [
        {
          "schema_version": 0,
          "attributes": {
            "allow_merge_commit": true,
            "allow_rebase_merge": false,
            "allow_squash_merge": false,
            "archived": false,
            "auto_init": true,
            "default_branch": "master",
            "description": "Repo for the Verify performance and data team",
            "etag": "W/\"015c62374298654fb8f4977ee7120ee1\"",
            "full_name": "alphagov/verify-performance",
            "git_clone_url": "git://github.com/alphagov/verify-performance.git",
            "gitignore_template": null,
            "has_downloads": false,
            "has_issues": true,
            "has_projects": null,
            "has_wiki": true,
            "homepage_url": "",
            "html_url": "https://github.com/alphagov/verify-performance",
            "http_clone_url": "https://github.com/alphagov/verify-performance.git",
            "id": "verify-performance",
            "license_template": null,
            "name": "verify-performance",
            "private": true,
            "ssh_clone_url": "git@github.com:alphagov/verify-performance.git",
            "svn_url": "https://github.com/alphagov/verify-performance",
            "topics": [
              "verify"
            ]
          }
        }
      ]
    },
    {
      "module": "module.repo_verify_event_emitter_loader",
      "mode": "managed",
      "type": "github_repository",
      "name": "repo",
      "provider": "provider.github",
      "instances": [
        {
          "schema_version": 0,
          "attributes": {
            "allow_merge_commit": true,
            "allow_rebase_merge": false,
            "allow_squash_merge": false,
            "archived": false,
            "auto_init": null,
            "default_branch": "master",
            "description": "Create encrypted events in a given queue",
            "etag": "W/\"d88f8af147ffc87a876571e58b2e2c58\"",
            "full_name": "alphagov/verify-event-emitter-loader",
            "git_clone_url": "git://github.com/alphagov/verify-event-emitter-loader.git",
            "gitignore_template": null,
            "has_downloads": false,
            "has_issues": true,
            "has_projects": null,
            "has_wiki": true,
            "homepage_url": "",
            "html_url": "https://github.com/alphagov/verify-event-emitter-loader",
            "http_clone_url": "https://github.com/alphagov/verify-event-emitter-loader.git",
            "id": "verify-event-emitter-loader",
            "license_template": null,
            "name": "verify-event-emitter-loader",
            "private": false,
            "ssh_clone_url": "git@github.com:alphagov/verify-event-emitter-loader.git",
            "svn_url": "https://github.com/alphagov/verify-event-emitter-loader",
            "topics": []
          }
        }
      ]
    },
    {
      "module": "module.repo_verify_architecture",
      "mode": "managed",
      "type": "github_repository",
      "name": "repo",
      "provider": "provider.github",
      "instances": [
        {
          "schema_version": 0,
          "attributes": {
            "allow_merge_commit": true,
            "allow_rebase_merge": false,
            "allow_squash_merge": false,
            "archived": false,
            "auto_init": true,
            "default_branch": "master",
            "description": "Contains architectural documentation",
            "etag": "W/\"877605aaee918bafdc6eb2049ede25e7\"",
            "full_name": "alphagov/verify-architecture",
            "git_clone_url": "git://github.com/alphagov/verify-architecture.git",
            "gitignore_template": null,
            "has_downloads": false,
            "has_issues": true,
            "has_projects": null,
            "has_wiki": true,
            "homepage_url": "",
            "html_url": "https://github.com/alphagov/verify-architecture",
            "http_clone_url": "https://github.com/alphagov/verify-architecture.git",
            "id": "verify-architecture",
            "license_template": null,
            "name": "verify-architecture",
            "private": true,
            "ssh_clone_url": "git@github.com:alphagov/verify-architecture.git",
            "svn_url": "https://github.com/alphagov/verify-architecture",
            "topics": [
              "verify"
            ]
          }
        }
      ]
    },
    {
      "module": "module.repo_verify_infrastructure",
      "mode": "managed",
      "type": "github_repository",
      "name": "repo",
      "provider": "provider.github",
      "instances": [
        {
          "schema_version": 0,
          "attributes": {
            "allow_merge_commit": true,
            "allow_rebase_merge": false,
            "allow_squash_merge": false,
            "archived": false,
            "auto_init": null,
            "default_branch": "master",
            "description": "Infrastructure code for Verify Hub ECS",
            "etag": "W/\"14c0891309ba36b08b2ab66dd837ab56\"",
            "full_name": "alphagov/verify-infrastructure",
            "git_clone_url": "git://github.com/alphagov/verify-infrastructure.git",
            "gitignore_template": null,
            "has_downloads": false,
            "has_issues": true,
            "has_projects": null,
            "has_wiki": true,
            "homepage_url": "",
            "html_url": "https://github.com/alphagov/verify-infrastructure",
            "http_clone_url": "https://github.com/alphagov/verify-infrastructure.git",
            "id": "verify-infrastructure",
            "license_template": null,
            "name": "verify-infrastructure",
            "private": false,
            "ssh_clone_url": "git@github.com:alphagov/verify-infrastructure.git",
            "svn_url": "https://github.com/alphagov/verify-infrastructure",
            "topics": []
          }
        }
      ]
    },
    {
      "module": "module.repo_ida_hub_acceptance_tests",
      "mode": "managed",
      "type": "github_repository",
      "name": "repo",
      "provider": "provider.github",
      "instances": [
        {
          "schema_version": 0,
          "attributes": {
            "allow_merge_commit": true,
            "allow_rebase_merge": false,
            "allow_squash_merge": false,
            "archived": false,
            "auto_init": true,
            "default_branch": "master",
            "description": "Verify Hub acceptance tests (temporary)",
            "etag": "W/\"f560811ad103b16b4f0fec306316bfef\"",
            "full_name": "alphagov/ida-hub-acceptance-tests",
            "git_clone_url": "git://github.com/alphagov/ida-hub-acceptance-tests.git",
            "gitignore_template": null,
            "has_downloads": false,
            "has_issues": true,
            "has_projects": null,
            "has_wiki": true,
            "homepage_url": "",
            "html_url": "https://github.com/alphagov/ida-hub-acceptance-tests",
            "http_clone_url": "https://github.com/alphagov/ida-hub-acceptance-tests.git",
            "id": "ida-hub-acceptance-tests",
            "license_template": null,
            "name": "ida-hub-acceptance-tests",
            "private": true,
            "ssh_clone_url": "git@github.com:alphagov/ida-hub-acceptance-tests.git",
            "svn_url": "https://github.com/alphagov/ida-hub-acceptance-tests",
            "topics": [
              "verify"
            ]
          }
        }
      ]
    },
    {
      "module": "module.repo_verify_saml_libs",
      "mode": "managed",
      "type": "github_repository",
      "name": "repo",
      "provider": "provider.github",
      "instances": [
        {
          "schema_version": 0,
          "attributes": {
            "allow_merge_commit": true,
            "allow_rebase_merge": false,
            "allow_squash_merge": false,
            "archived": false,
            "auto_init": true,
            "default_branch": "master",
            "description": "Verify SAML Libraries 📚",
            "etag": "W/\"54947d98d3f3400ef4054a6fe8f08ebe\"",
            "full_name": "alphagov/verify-saml-libs",
            "git_clone_url": "git://github.com/alphagov/verify-saml-libs.git",
            "gitignore_template": null,
            "has_downloads": false,
            "has_issues": true,
            "has_projects": null,
            "has_wiki": true,
            "homepage_url": "",
            "html_url": "https://github.com/alphagov/verify-saml-libs",
            "http_clone_url": "https://github.com/alphagov/verify-saml-libs.git",
            "id": "verify-saml-libs",
            "license_template": null,
            "name": "verify-saml-libs",
            "private": false,
            "ssh_clone_url": "git@github.com:alphagov/verify-saml-libs.git",
            "svn_url": "https://github.com/alphagov/verify-saml-libs",
            "topics": [
              "saml",
              "verify"
            ]
          }
        }
      ]
    },
    {
      "module": "module.repo_verify_rp_environment_config_form",
      "mode": "managed",
      "type": "github_repository",
      "name": "repo",
      "provider": "provider.github",
      "instances": [
        {
          "schema_version": 0,
          "attributes": {
            "allow_merge_commit": true,
            "allow_rebase_merge": false,
            "allow_squash_merge": false,
            "archived": false,
            "auto_init": true,
            "default_branch": "master",
            "description": " :page_with_curl: The form for relying parties to provide Verify with environment configuration",
            "etag": "W/\"308dd84304d5e0cbf73f563251bfbbc2\"",
            "full_name": "alphagov/verify-rp-environment-config-form",
            "git_clone_url": "git://github.com/alphagov/verify-rp-environment-config-form.git",
            "gitignore_template": null,
            "has_downloads": false,
            "has_issues": true,
            "has_projects": null,
            "has_wiki": true,
            "homepage_url": "",
            "html_url": "https://github.com/alphagov/verify-rp-environment-config-form",
            "http_clone_url": "https://github.com/alphagov/verify-rp-environment-config-form.git",
            "id": "verify-rp-environment-config-form",
            "license_template": null,
            "name": "verify-rp-environment-config-form",
            "private": false,
            "ssh_clone_url": "git@github.com:alphagov/verify-rp-environment-config-form.git",
            "svn_url": "https://github.com/alphagov/verify-rp-environment-config-form",
            "topics": [
              "verify"
            ]
          }
        }
      ]
    },
    {
      "module": "module.repo_verify_stub_idp_federation_config",
      "mode": "managed",
      "type": "github_repository",
      "name": "repo",
      "provider": "provider.github",
      "instances": [
        {
          "schema_version": 0,
          "attributes": {
            "allow_merge_commit": true,
            "allow_rebase_merge": false,
            "allow_squash_merge": false,
            "archived": false,
            "auto_init": true,
            "default_branch": "master",
            "description": "Federation config for verify-stub-idp",
            "etag": "W/\"3d780efcbfd77c44aeb4d0b6a40f5d68\"",
            "full_name": "alphagov/verify-stub-idp-federation-config",
            "git_clone_url": "git://github.com/alphagov/verify-stub-idp-federation-config.git",
            "gitignore_template": null,
            "has_downloads": false,
            "has_issues": true,
            "has_projects": null,
            "has_wiki": true,
            "homepage_url": "",
            "html_url": "https://github.com/alphagov/verify-stub-idp-federation-config",
            "http_clone_url": "https://github.com/alphagov/verify-stub-idp-federation-config.git",
            "id": "verify-stub-idp-federation-config",
            "license_template": null,
            "name": "verify-stub-idp-federation-config",
            "private": true,
            "ssh_clone_url": "git@github.com:alphagov/verify-stub-idp-federation-config.git",
            "svn_url": "https://github.com/alphagov/verify-stub-idp-federation-config",
            "topics": [
              "verify"
            ]
          }
        }
      ]
    },
    {
      "module": "module.repo_verify_proxy_node",
      "mode": "managed",
      "type": "github_repository",
      "name": "repo",
      "provider": "provider.github",
      "instances": [
        {
          "schema_version": 0,
          "attributes": {
            "allow_merge_commit": true,
            "allow_rebase_merge": false,
            "allow_squash_merge": false,
            "archived": false,
            "auto_init": true,
            "default_branch": "master",
            "description": "eIDAS Proxy Node",
            "etag": "W/\"c1baab03a41d345f0c2a0dc065f305d3\"",
            "full_name": "alphagov/verify-proxy-node",
            "git_clone_url": "git://github.com/alphagov/verify-proxy-node.git",
            "gitignore_template": null,
            "has_downloads": false,
            "has_issues": true,
            "has_projects": null,
            "has_wiki": true,
            "homepage_url": "",
            "html_url": "https://github.com/alphagov/verify-proxy-node",
            "http_clone_url": "https://github.com/alphagov/verify-proxy-node.git",
            "id": "verify-proxy-node",
            "license_template": null,
            "name": "verify-proxy-node",
            "private": false,
            "ssh_clone_url": "git@github.com:alphagov/verify-proxy-node.git",
            "svn_url": "https://github.com/alphagov/verify-proxy-node",
            "topics": []
          }
        }
      ]
    },
    {
      "module": "module.repo_verify_proxy_node_infra",
      "mode": "managed",
      "type": "github_repository",
      "name": "repo",
      "provider": "provider.github",
      "instances": [
        {
          "schema_version": 0,
          "attributes": {
            "allow_merge_commit": true,
            "allow_rebase_merge": false,
            "allow_squash_merge": false,
            "archived": false,
            "auto_init": true,
            "default_branch": "master",
            "description": "Verify eIDAS Proxy Node infrastructure",
            "etag": "W/\"8fee9a6751802ed7b058a515205e87cf\"",
            "full_name": "alphagov/verify-proxy-node-infra",
            "git_clone_url": "git://github.com/alphagov/verify-proxy-node-infra.git",
            "gitignore_template": null,
            "has_downloads": false,
            "has_issues": true,
            "has_projects": null,
            "has_wiki": true,
            "homepage_url": "",
            "html_url": "https://github.com/alphagov/verify-proxy-node-infra",
            "http_clone_url": "https://github.com/alphagov/verify-proxy-node-infra.git",
            "id": "verify-proxy-node-infra",
            "license_template": null,
            "name": "verify-proxy-node-infra",
            "private": true,
            "ssh_clone_url": "git@github.com:alphagov/verify-proxy-node-infra.git",
            "svn_url": "https://github.com/alphagov/verify-proxy-node-infra",
            "topics": []
          }
        }
      ]
    },
    {
      "module": "module.repo_verify_test_rp",
      "mode": "managed",
      "type": "github_repository",
      "name": "repo",
      "provider": "provider.github",
      "instances": [
        {
          "schema_version": 0,
          "attributes": {
            "allow_merge_commit": true,
            "allow_rebase_merge": false,
            "allow_squash_merge": false,
            "archived": false,
            "auto_init": true,
            "default_branch": "master",
            "description": "Verify Test Relying Party",
            "etag": "W/\"024a252ca932a3a746922ab91f16c171\"",
            "full_name": "alphagov/verify-test-rp",
            "git_clone_url": "git://github.com/alphagov/verify-test-rp.git",
            "gitignore_template": null,
            "has_downloads": false,
            "has_issues": true,
            "has_projects": null,
            "has_wiki": true,
            "homepage_url": "",
            "html_url": "https://github.com/alphagov/verify-test-rp",
            "http_clone_url": "https://github.com/alphagov/verify-test-rp.git",
            "id": "verify-test-rp",
            "license_template": null,
            "name": "verify-test-rp",
            "private": false,
            "ssh_clone_url": "git@github.com:alphagov/verify-test-rp.git",
            "svn_url": "https://github.com/alphagov/verify-test-rp",
            "topics": [
              "relying-party",
              "test",
              "verify"
            ]
          }
        }
      ]
    },
    {
      "module": "module.repo_verify_ansible",
      "mode": "managed",
      "type": "github_repository",
      "name": "repo",
      "provider": "provider.github",
      "instances": [
        {
          "schema_version": 0,
          "attributes": {
            "allow_merge_commit": true,
            "allow_rebase_merge": false,
            "allow_squash_merge": false,
            "archived": false,
            "auto_init": true,
            "default_branch": "master",
            "description": " Ansible for Verify ops ",
            "etag": "W/\"886a8e7bd5cfaf992ea3a0eb4165001f\"",
            "full_name": "alphagov/verify-ansible",
            "git_clone_url": "git://github.com/alphagov/verify-ansible.git",
            "gitignore_template": null,
            "has_downloads": false,
            "has_issues": true,
            "has_projects": null,
            "has_wiki": true,
            "homepage_url": "",
            "html_url": "https://github.com/alphagov/verify-ansible",
            "http_clone_url": "https://github.com/alphagov/verify-ansible.git",
            "id": "verify-ansible",
            "license_template": null,
            "name": "verify-ansible",
            "private": true,
            "ssh_clone_url": "git@github.com:alphagov/verify-ansible.git",
            "svn_url": "https://github.com/alphagov/verify-ansible",
            "topics": [
              "verify"
            ]
          }
        }
      ]
    },
    {
      "module": "module.repo_verify_local_startup",
      "mode": "managed",
      "type": "github_repository_collaborator",
      "name": "repo_collaborator_pull",
      "each": "list",
      "provider": "provider.github",
      "instances": []
    },
    {
      "module": "module.repo_verify_support_form",
      "mode": "managed",
      "type": "github_repository_collaborator",
      "name": "repo_collaborator_pull",
      "each": "list",
      "provider": "provider.github",
      "instances": []
    },
    {
      "module": "module.repo_verify_self_service_infrastructure",
      "mode": "managed",
      "type": "github_repository_collaborator",
      "name": "repo_collaborator_pull",
      "each": "list",
      "provider": "provider.github",
      "instances": []
    },
    {
      "module": "module.repo_verify_hub_federation_config",
      "mode": "managed",
      "type": "github_repository_collaborator",
      "name": "repo_collaborator_pull",
      "each": "list",
      "provider": "provider.github",
      "instances": []
    },
    {
      "module": "module.repo_verify_eidas_mw_config_generator",
      "mode": "managed",
      "type": "github_repository_collaborator",
      "name": "repo_collaborator_pull",
      "each": "list",
      "provider": "provider.github",
      "instances": []
    },
    {
      "module": "module.repo_verify_event_system_database_scripts",
      "mode": "managed",
      "type": "github_repository_collaborator",
      "name": "repo_collaborator_pull",
      "each": "list",
      "provider": "provider.github",
      "instances": [
        {
          "index_key": 0,
          "schema_version": 0,
          "attributes": {
            "id": "verify-event-system-database-scripts:verify-cd-read-only",
            "invitation_id": null,
            "permission": "pull",
            "repository": "verify-event-system-database-scripts",
            "username": "verify-cd-read-only"
          },
          "depends_on": [
            "github_repository.repo"
          ]
        }
      ]
    },
    {
      "module": "module.repo_verify_performance_scripts",
      "mode": "managed",
      "type": "github_repository_collaborator",
      "name": "repo_collaborator_pull",
      "each": "list",
      "provider": "provider.github",
      "instances": []
    },
    {
      "module": "module.repo_verify_infrastructure_config",
      "mode": "managed",
      "type": "github_repository_collaborator",
      "name": "repo_collaborator_pull",
      "each": "list",
      "provider": "provider.github",
      "instances": []
    },
    {
      "module": "module.repo_verify_frontend_federation_config",
      "mode": "managed",
      "type": "github_repository_collaborator",
      "name": "repo_collaborator_pull",
      "each": "list",
      "provider": "provider.github",
      "instances": []
    },
    {
      "module": "module.repo_verify_datascience_sandbox",
      "mode": "managed",
      "type": "github_repository_collaborator",
      "name": "repo_collaborator_pull",
      "each": "list",
      "provider": "provider.github",
      "instances": []
    },
    {
      "module": "module.repo_ida_hub_support",
      "mode": "managed",
      "type": "github_repository_collaborator",
      "name": "repo_collaborator_pull",
      "each": "list",
      "provider": "provider.github",
      "instances": []
    },
    {
      "module": "module.repo_verify_eidas_mw_run",
      "mode": "managed",
      "type": "github_repository_collaborator",
      "name": "repo_collaborator_pull",
      "each": "list",
      "provider": "provider.github",
      "instances": []
    },
    {
      "module": "module.repo_verify_boxes",
      "mode": "managed",
      "type": "github_repository_collaborator",
      "name": "repo_collaborator_pull",
      "each": "list",
      "provider": "provider.github",
      "instances": []
    },
    {
      "module": "module.repo_verify_frontend",
      "mode": "managed",
      "type": "github_repository_collaborator",
      "name": "repo_collaborator_pull",
      "each": "list",
      "provider": "provider.github",
      "instances": []
    },
    {
      "module": "module.repo_verify_data_pipeline_config",
      "mode": "managed",
      "type": "github_repository_collaborator",
      "name": "repo_collaborator_pull",
      "each": "list",
      "provider": "provider.github",
      "instances": []
    },
    {
      "module": "module.repo_verify_service_provider",
      "mode": "managed",
      "type": "github_repository_collaborator",
      "name": "repo_collaborator_pull",
      "each": "list",
      "provider": "provider.github",
      "instances": []
    },
    {
      "module": "module.repo_verify_packages",
      "mode": "managed",
      "type": "github_repository_collaborator",
      "name": "repo_collaborator_pull",
      "each": "list",
      "provider": "provider.github",
      "instances": []
    },
    {
      "module": "module.repo_verify_team_manual",
      "mode": "managed",
      "type": "github_repository_collaborator",
      "name": "repo_collaborator_pull",
      "each": "list",
      "provider": "provider.github",
      "instances": []
    },
    {
      "module": "module.repo_verify_release_automation",
      "mode": "managed",
      "type": "github_repository_collaborator",
      "name": "repo_collaborator_pull",
      "each": "list",
      "provider": "provider.github",
      "instances": []
    },
    {
      "module": "module.repo_metadata_checker",
      "mode": "managed",
      "type": "github_repository_collaborator",
      "name": "repo_collaborator_pull",
      "each": "list",
      "provider": "provider.github",
      "instances": []
    },
    {
      "module": "module.repo_verify_dashing",
      "mode": "managed",
      "type": "github_repository_collaborator",
      "name": "repo_collaborator_pull",
      "each": "list",
      "provider": "provider.github",
      "instances": []
    },
    {
      "module": "module.repo_verify_matching_service_adapter",
      "mode": "managed",
      "type": "github_repository_collaborator",
      "name": "repo_collaborator_pull",
      "each": "list",
      "provider": "provider.github",
      "instances": []
    },
    {
      "module": "module.repo_verify_product_page",
      "mode": "managed",
      "type": "github_repository_collaborator",
      "name": "repo_collaborator_pull",
      "each": "list",
      "provider": "provider.github",
      "instances": []
    },
    {
      "module": "module.repo_verify_acceptance_tests",
      "mode": "managed",
      "type": "github_repository_collaborator",
      "name": "repo_collaborator_pull",
      "each": "list",
      "provider": "provider.github",
      "instances": []
    },
    {
      "module": "module.repo_passport_verify",
      "mode": "managed",
      "type": "github_repository_collaborator",
      "name": "repo_collaborator_pull",
      "each": "list",
      "provider": "provider.github",
      "instances": []
    },
    {
      "module": "module.repo_verify_hub",
      "mode": "managed",
      "type": "github_repository_collaborator",
      "name": "repo_collaborator_pull",
      "each": "list",
      "provider": "provider.github",
      "instances": []
    },
    {
      "module": "module.repo_verify_tech_team",
      "mode": "managed",
      "type": "github_repository_collaborator",
      "name": "repo_collaborator_pull",
      "each": "list",
      "provider": "provider.github",
      "instances": []
    },
    {
      "module": "module.repo_verify_event_infrastructure",
      "mode": "managed",
      "type": "github_repository_collaborator",
      "name": "repo_collaborator_pull",
      "each": "list",
      "provider": "provider.github",
      "instances": [
        {
          "index_key": 0,
          "schema_version": 0,
          "attributes": {
            "id": "verify-event-infrastructure:verify-cd-read-only",
            "invitation_id": null,
            "permission": "pull",
            "repository": "verify-event-infrastructure",
            "username": "verify-cd-read-only"
          },
          "depends_on": [
            "github_repository.repo"
          ]
        }
      ]
    },
    {
      "module": "module.repo_verify_puppet",
      "mode": "managed",
      "type": "github_repository_collaborator",
      "name": "repo_collaborator_pull",
      "each": "list",
      "provider": "provider.github",
      "instances": []
    },
    {
      "module": "module.repo_verify_data_schemas",
      "mode": "managed",
      "type": "github_repository_collaborator",
      "name": "repo_collaborator_pull",
      "each": "list",
      "provider": "provider.github",
      "instances": []
    },
    {
      "module": "module.repo_verify_blackbox_passwords",
      "mode": "managed",
      "type": "github_repository_collaborator",
      "name": "repo_collaborator_pull",
      "each": "list",
      "provider": "provider.github",
      "instances": []
    },
    {
      "module": "module.repo_splunk_library_javalogging",
      "mode": "managed",
      "type": "github_repository_collaborator",
      "name": "repo_collaborator_pull",
      "each": "list",
      "provider": "provider.github",
      "instances": []
    },
    {
      "module": "module.repo_verify_event_system_alarm_notifier",
      "mode": "managed",
      "type": "github_repository_collaborator",
      "name": "repo_collaborator_pull",
      "each": "list",
      "provider": "provider.github",
      "instances": []
    },
    {
      "module": "module.repo_verify_self_service",
      "mode": "managed",
      "type": "github_repository_collaborator",
      "name": "repo_collaborator_pull",
      "each": "list",
      "provider": "provider.github",
      "instances": []
    },
    {
      "module": "module.repo_verify_event_emitter",
      "mode": "managed",
      "type": "github_repository_collaborator",
      "name": "repo_collaborator_pull",
      "each": "list",
      "provider": "provider.github",
      "instances": []
    },
    {
      "module": "module.repo_verify_il3_laptop_bootstrap",
      "mode": "managed",
      "type": "github_repository_collaborator",
      "name": "repo_collaborator_pull",
      "each": "list",
      "provider": "provider.github",
      "instances": []
    },
    {
      "module": "module.repo_dcs_client_acceptance_tests",
      "mode": "managed",
      "type": "github_repository_collaborator",
      "name": "repo_collaborator_pull",
      "each": "list",
      "provider": "provider.github",
      "instances": []
    },
    {
      "module": "module.repo_dcs_client",
      "mode": "managed",
      "type": "github_repository_collaborator",
      "name": "repo_collaborator_pull",
      "each": "list",
      "provider": "provider.github",
      "instances": []
    },
    {
      "module": "module.repo_verify_fabric",
      "mode": "managed",
      "type": "github_repository_collaborator",
      "name": "repo_collaborator_pull",
      "each": "list",
      "provider": "provider.github",
      "instances": []
    },
    {
      "module": "module.repo_verify_utils_libs",
      "mode": "managed",
      "type": "github_repository_collaborator",
      "name": "repo_collaborator_pull",
      "each": "list",
      "provider": "provider.github",
      "instances": []
    },
    {
      "module": "module.repo_verify_build_scripts",
      "mode": "managed",
      "type": "github_repository_collaborator",
      "name": "repo_collaborator_pull",
      "each": "list",
      "provider": "provider.github",
      "instances": []
    },
    {
      "module": "module.repo_verify_eidas_trust_anchor",
      "mode": "managed",
      "type": "github_repository_collaborator",
      "name": "repo_collaborator_pull",
      "each": "list",
      "provider": "provider.github",
      "instances": []
    },
    {
      "module": "module.repo_verify_metadata",
      "mode": "managed",
      "type": "github_repository_collaborator",
      "name": "repo_collaborator_pull",
      "each": "list",
      "provider": "provider.github",
      "instances": []
    },
    {
      "module": "module.repo_verify_idp_predictor",
      "mode": "managed",
      "type": "github_repository_collaborator",
      "name": "repo_collaborator_pull",
      "each": "list",
      "provider": "provider.github",
      "instances": []
    },
    {
      "module": "module.repo_verify_test_repo",
      "mode": "managed",
      "type": "github_repository_collaborator",
      "name": "repo_collaborator_pull",
      "each": "list",
      "provider": "provider.github",
      "instances": []
    },
    {
      "module": "module.repo_verify_stub_idp",
      "mode": "managed",
      "type": "github_repository_collaborator",
      "name": "repo_collaborator_pull",
      "each": "list",
      "provider": "provider.github",
      "instances": []
    },
    {
      "module": "module.repo_verify_matomo_utils",
      "mode": "managed",
      "type": "github_repository_collaborator",
      "name": "repo_collaborator_pull",
      "each": "list",
      "provider": "provider.github",
      "instances": []
    },
    {
      "module": "module.repo_verify_local_matching_service_example",
      "mode": "managed",
      "type": "github_repository_collaborator",
      "name": "repo_collaborator_pull",
      "each": "list",
      "provider": "provider.github",
      "instances": []
    },
    {
      "module": "module.repo_doc_checking",
      "mode": "managed",
      "type": "github_repository_collaborator",
      "name": "repo_collaborator_pull",
      "each": "list",
      "provider": "provider.github",
      "instances": []
    },
    {
      "module": "module.repo_ida_compliance_tool",
      "mode": "managed",
      "type": "github_repository_collaborator",
      "name": "repo_collaborator_pull",
      "each": "list",
      "provider": "provider.github",
      "instances": []
    },
    {
      "module": "module.repo_verify_eidas_metadata_aggregator",
      "mode": "managed",
      "type": "github_repository_collaborator",
      "name": "repo_collaborator_pull",
      "each": "list",
      "provider": "provider.github",
      "instances": []
    },
    {
      "module": "module.repo_verify_jenkins_job_builder",
      "mode": "managed",
      "type": "github_repository_collaborator",
      "name": "repo_collaborator_pull",
      "each": "list",
      "provider": "provider.github",
      "instances": []
    },
    {
      "module": "module.repo_verify_event_recorder_service",
      "mode": "managed",
      "type": "github_repository_collaborator",
      "name": "repo_collaborator_pull",
      "each": "list",
      "provider": "provider.github",
      "instances": []
    },
    {
      "module": "module.repo_verify_idp_pid_hasherator",
      "mode": "managed",
      "type": "github_repository_collaborator",
      "name": "repo_collaborator_pull",
      "each": "list",
      "provider": "provider.github",
      "instances": []
    },
    {
      "module": "module.repo_verify_release_logs",
      "mode": "managed",
      "type": "github_repository_collaborator",
      "name": "repo_collaborator_pull",
      "each": "list",
      "provider": "provider.github",
      "instances": []
    },
    {
      "module": "module.repo_verify_german_eidas_middleware",
      "mode": "managed",
      "type": "github_repository_collaborator",
      "name": "repo_collaborator_pull",
      "each": "list",
      "provider": "provider.github",
      "instances": []
    },
    {
      "module": "module.repo_dcs_performance_tests",
      "mode": "managed",
      "type": "github_repository_collaborator",
      "name": "repo_collaborator_pull",
      "each": "list",
      "provider": "provider.github",
      "instances": []
    },
    {
      "module": "module.repo_verify_token_service",
      "mode": "managed",
      "type": "github_repository_collaborator",
      "name": "repo_collaborator_pull",
      "each": "list",
      "provider": "provider.github",
      "instances": []
    },
    {
      "module": "module.repo_verify_terraform",
      "mode": "managed",
      "type": "github_repository_collaborator",
      "name": "repo_collaborator_pull",
      "each": "list",
      "provider": "provider.github",
      "instances": []
    },
    {
      "module": "module.repo_passport_verify_stub_relying_party",
      "mode": "managed",
      "type": "github_repository_collaborator",
      "name": "repo_collaborator_pull",
      "each": "list",
      "provider": "provider.github",
      "instances": []
    },
    {
      "module": "module.repo_verify_data_pipeline",
      "mode": "managed",
      "type": "github_repository_collaborator",
      "name": "repo_collaborator_pull",
      "each": "list",
      "provider": "provider.github",
      "instances": []
    },
    {
      "module": "module.repo_verify_performance",
      "mode": "managed",
      "type": "github_repository_collaborator",
      "name": "repo_collaborator_pull",
      "each": "list",
      "provider": "provider.github",
      "instances": []
    },
    {
      "module": "module.repo_verify_event_emitter_loader",
      "mode": "managed",
      "type": "github_repository_collaborator",
      "name": "repo_collaborator_pull",
      "each": "list",
      "provider": "provider.github",
      "instances": []
    },
    {
      "module": "module.repo_verify_architecture",
      "mode": "managed",
      "type": "github_repository_collaborator",
      "name": "repo_collaborator_pull",
      "each": "list",
      "provider": "provider.github",
      "instances": []
    },
    {
      "module": "module.repo_verify_infrastructure",
      "mode": "managed",
      "type": "github_repository_collaborator",
      "name": "repo_collaborator_pull",
      "each": "list",
      "provider": "provider.github",
      "instances": []
    },
    {
      "module": "module.repo_ida_hub_acceptance_tests",
      "mode": "managed",
      "type": "github_repository_collaborator",
      "name": "repo_collaborator_pull",
      "each": "list",
      "provider": "provider.github",
      "instances": []
    },
    {
      "module": "module.repo_verify_saml_libs",
      "mode": "managed",
      "type": "github_repository_collaborator",
      "name": "repo_collaborator_pull",
      "each": "list",
      "provider": "provider.github",
      "instances": []
    },
    {
      "module": "module.repo_verify_rp_environment_config_form",
      "mode": "managed",
      "type": "github_repository_collaborator",
      "name": "repo_collaborator_pull",
      "each": "list",
      "provider": "provider.github",
      "instances": []
    },
    {
      "module": "module.repo_verify_stub_idp_federation_config",
      "mode": "managed",
      "type": "github_repository_collaborator",
      "name": "repo_collaborator_pull",
      "each": "list",
      "provider": "provider.github",
      "instances": []
    },
    {
      "module": "module.repo_verify_proxy_node",
      "mode": "managed",
      "type": "github_repository_collaborator",
      "name": "repo_collaborator_pull",
      "each": "list",
      "provider": "provider.github",
      "instances": []
    },
    {
      "module": "module.repo_verify_proxy_node_infra",
      "mode": "managed",
      "type": "github_repository_collaborator",
      "name": "repo_collaborator_pull",
      "each": "list",
      "provider": "provider.github",
      "instances": []
    },
    {
      "module": "module.repo_verify_test_rp",
      "mode": "managed",
      "type": "github_repository_collaborator",
      "name": "repo_collaborator_pull",
      "each": "list",
      "provider": "provider.github",
      "instances": []
    },
    {
      "module": "module.repo_verify_ansible",
      "mode": "managed",
      "type": "github_repository_collaborator",
      "name": "repo_collaborator_pull",
      "each": "list",
      "provider": "provider.github",
      "instances": []
    },
    {
      "module": "module.repo_verify_local_startup",
      "mode": "managed",
      "type": "github_team_repository",
      "name": "repo_team_pull",
      "each": "list",
      "provider": "provider.github",
      "instances": []
    },
    {
      "module": "module.repo_verify_support_form",
      "mode": "managed",
      "type": "github_team_repository",
      "name": "repo_team_pull",
      "each": "list",
      "provider": "provider.github",
      "instances": []
    },
    {
      "module": "module.repo_verify_self_service_infrastructure",
      "mode": "managed",
      "type": "github_team_repository",
      "name": "repo_team_pull",
      "each": "list",
      "provider": "provider.github",
      "instances": []
    },
    {
      "module": "module.repo_verify_hub_federation_config",
      "mode": "managed",
      "type": "github_team_repository",
      "name": "repo_team_pull",
      "each": "list",
      "provider": "provider.github",
      "instances": []
    },
    {
      "module": "module.repo_verify_eidas_mw_config_generator",
      "mode": "managed",
      "type": "github_team_repository",
      "name": "repo_team_pull",
      "each": "list",
      "provider": "provider.github",
      "instances": []
    },
    {
      "module": "module.repo_verify_event_system_database_scripts",
      "mode": "managed",
      "type": "github_team_repository",
      "name": "repo_team_pull",
      "each": "list",
      "provider": "provider.github",
      "instances": []
    },
    {
      "module": "module.repo_verify_performance_scripts",
      "mode": "managed",
      "type": "github_team_repository",
      "name": "repo_team_pull",
      "each": "list",
      "provider": "provider.github",
      "instances": []
    },
    {
      "module": "module.repo_verify_infrastructure_config",
      "mode": "managed",
      "type": "github_team_repository",
      "name": "repo_team_pull",
      "each": "list",
      "provider": "provider.github",
      "instances": []
    },
    {
      "module": "module.repo_verify_frontend_federation_config",
      "mode": "managed",
      "type": "github_team_repository",
      "name": "repo_team_pull",
      "each": "list",
      "provider": "provider.github",
      "instances": []
    },
    {
      "module": "module.repo_verify_datascience_sandbox",
      "mode": "managed",
      "type": "github_team_repository",
      "name": "repo_team_pull",
      "each": "list",
      "provider": "provider.github",
      "instances": []
    },
    {
      "module": "module.repo_ida_hub_support",
      "mode": "managed",
      "type": "github_team_repository",
      "name": "repo_team_pull",
      "each": "list",
      "provider": "provider.github",
      "instances": []
    },
    {
      "module": "module.repo_verify_eidas_mw_run",
      "mode": "managed",
      "type": "github_team_repository",
      "name": "repo_team_pull",
      "each": "list",
      "provider": "provider.github",
      "instances": []
    },
    {
      "module": "module.repo_verify_boxes",
      "mode": "managed",
      "type": "github_team_repository",
      "name": "repo_team_pull",
      "each": "list",
      "provider": "provider.github",
      "instances": []
    },
    {
      "module": "module.repo_verify_frontend",
      "mode": "managed",
      "type": "github_team_repository",
      "name": "repo_team_pull",
      "each": "list",
      "provider": "provider.github",
      "instances": []
    },
    {
      "module": "module.repo_verify_data_pipeline_config",
      "mode": "managed",
      "type": "github_team_repository",
      "name": "repo_team_pull",
      "each": "list",
      "provider": "provider.github",
      "instances": []
    },
    {
      "module": "module.repo_verify_service_provider",
      "mode": "managed",
      "type": "github_team_repository",
      "name": "repo_team_pull",
      "each": "list",
      "provider": "provider.github",
      "instances": []
    },
    {
      "module": "module.repo_verify_packages",
      "mode": "managed",
      "type": "github_team_repository",
      "name": "repo_team_pull",
      "each": "list",
      "provider": "provider.github",
      "instances": []
    },
    {
      "module": "module.repo_verify_team_manual",
      "mode": "managed",
      "type": "github_team_repository",
      "name": "repo_team_pull",
      "each": "list",
      "provider": "provider.github",
      "instances": []
    },
    {
      "module": "module.repo_verify_release_automation",
      "mode": "managed",
      "type": "github_team_repository",
      "name": "repo_team_pull",
      "each": "list",
      "provider": "provider.github",
      "instances": []
    },
    {
      "module": "module.repo_metadata_checker",
      "mode": "managed",
      "type": "github_team_repository",
      "name": "repo_team_pull",
      "each": "list",
      "provider": "provider.github",
      "instances": []
    },
    {
      "module": "module.repo_verify_dashing",
      "mode": "managed",
      "type": "github_team_repository",
      "name": "repo_team_pull",
      "each": "list",
      "provider": "provider.github",
      "instances": []
    },
    {
      "module": "module.repo_verify_matching_service_adapter",
      "mode": "managed",
      "type": "github_team_repository",
      "name": "repo_team_pull",
      "each": "list",
      "provider": "provider.github",
      "instances": []
    },
    {
      "module": "module.repo_verify_product_page",
      "mode": "managed",
      "type": "github_team_repository",
      "name": "repo_team_pull",
      "each": "list",
      "provider": "provider.github",
      "instances": []
    },
    {
      "module": "module.repo_verify_acceptance_tests",
      "mode": "managed",
      "type": "github_team_repository",
      "name": "repo_team_pull",
      "each": "list",
      "provider": "provider.github",
      "instances": []
    },
    {
      "module": "module.repo_passport_verify",
      "mode": "managed",
      "type": "github_team_repository",
      "name": "repo_team_pull",
      "each": "list",
      "provider": "provider.github",
      "instances": []
    },
    {
      "module": "module.repo_verify_hub",
      "mode": "managed",
      "type": "github_team_repository",
      "name": "repo_team_pull",
      "each": "list",
      "provider": "provider.github",
      "instances": []
    },
    {
      "module": "module.repo_verify_tech_team",
      "mode": "managed",
      "type": "github_team_repository",
      "name": "repo_team_pull",
      "each": "list",
      "provider": "provider.github",
      "instances": []
    },
    {
      "module": "module.repo_verify_event_infrastructure",
      "mode": "managed",
      "type": "github_team_repository",
      "name": "repo_team_pull",
      "each": "list",
      "provider": "provider.github",
      "instances": []
    },
    {
      "module": "module.repo_verify_puppet",
      "mode": "managed",
      "type": "github_team_repository",
      "name": "repo_team_pull",
      "each": "list",
      "provider": "provider.github",
      "instances": []
    },
    {
      "module": "module.repo_verify_data_schemas",
      "mode": "managed",
      "type": "github_team_repository",
      "name": "repo_team_pull",
      "each": "list",
      "provider": "provider.github",
      "instances": []
    },
    {
      "module": "module.repo_verify_blackbox_passwords",
      "mode": "managed",
      "type": "github_team_repository",
      "name": "repo_team_pull",
      "each": "list",
      "provider": "provider.github",
      "instances": []
    },
    {
      "module": "module.repo_splunk_library_javalogging",
      "mode": "managed",
      "type": "github_team_repository",
      "name": "repo_team_pull",
      "each": "list",
      "provider": "provider.github",
      "instances": []
    },
    {
      "module": "module.repo_verify_event_system_alarm_notifier",
      "mode": "managed",
      "type": "github_team_repository",
      "name": "repo_team_pull",
      "each": "list",
      "provider": "provider.github",
      "instances": []
    },
    {
      "module": "module.repo_verify_self_service",
      "mode": "managed",
      "type": "github_team_repository",
      "name": "repo_team_pull",
      "each": "list",
      "provider": "provider.github",
      "instances": []
    },
    {
      "module": "module.repo_verify_event_emitter",
      "mode": "managed",
      "type": "github_team_repository",
      "name": "repo_team_pull",
      "each": "list",
      "provider": "provider.github",
      "instances": []
    },
    {
      "module": "module.repo_verify_il3_laptop_bootstrap",
      "mode": "managed",
      "type": "github_team_repository",
      "name": "repo_team_pull",
      "each": "list",
      "provider": "provider.github",
      "instances": []
    },
    {
      "module": "module.repo_dcs_client_acceptance_tests",
      "mode": "managed",
      "type": "github_team_repository",
      "name": "repo_team_pull",
      "each": "list",
      "provider": "provider.github",
      "instances": []
    },
    {
      "module": "module.repo_dcs_client",
      "mode": "managed",
      "type": "github_team_repository",
      "name": "repo_team_pull",
      "each": "list",
      "provider": "provider.github",
      "instances": []
    },
    {
      "module": "module.repo_verify_fabric",
      "mode": "managed",
      "type": "github_team_repository",
      "name": "repo_team_pull",
      "each": "list",
      "provider": "provider.github",
      "instances": []
    },
    {
      "module": "module.repo_verify_utils_libs",
      "mode": "managed",
      "type": "github_team_repository",
      "name": "repo_team_pull",
      "each": "list",
      "provider": "provider.github",
      "instances": []
    },
    {
      "module": "module.repo_verify_build_scripts",
      "mode": "managed",
      "type": "github_team_repository",
      "name": "repo_team_pull",
      "each": "list",
      "provider": "provider.github",
      "instances": []
    },
    {
      "module": "module.repo_verify_eidas_trust_anchor",
      "mode": "managed",
      "type": "github_team_repository",
      "name": "repo_team_pull",
      "each": "list",
      "provider": "provider.github",
      "instances": []
    },
    {
      "module": "module.repo_verify_metadata",
      "mode": "managed",
      "type": "github_team_repository",
      "name": "repo_team_pull",
      "each": "list",
      "provider": "provider.github",
      "instances": []
    },
    {
      "module": "module.repo_verify_idp_predictor",
      "mode": "managed",
      "type": "github_team_repository",
      "name": "repo_team_pull",
      "each": "list",
      "provider": "provider.github",
      "instances": []
    },
    {
      "module": "module.repo_verify_test_repo",
      "mode": "managed",
      "type": "github_team_repository",
      "name": "repo_team_pull",
      "each": "list",
      "provider": "provider.github",
      "instances": []
    },
    {
      "module": "module.repo_verify_stub_idp",
      "mode": "managed",
      "type": "github_team_repository",
      "name": "repo_team_pull",
      "each": "list",
      "provider": "provider.github",
      "instances": []
    },
    {
      "module": "module.repo_verify_matomo_utils",
      "mode": "managed",
      "type": "github_team_repository",
      "name": "repo_team_pull",
      "each": "list",
      "provider": "provider.github",
      "instances": []
    },
    {
      "module": "module.repo_verify_local_matching_service_example",
      "mode": "managed",
      "type": "github_team_repository",
      "name": "repo_team_pull",
      "each": "list",
      "provider": "provider.github",
      "instances": []
    },
    {
      "module": "module.repo_doc_checking",
      "mode": "managed",
      "type": "github_team_repository",
      "name": "repo_team_pull",
      "each": "list",
      "provider": "provider.github",
      "instances": []
    },
    {
      "module": "module.repo_ida_compliance_tool",
      "mode": "managed",
      "type": "github_team_repository",
      "name": "repo_team_pull",
      "each": "list",
      "provider": "provider.github",
      "instances": []
    },
    {
      "module": "module.repo_verify_eidas_metadata_aggregator",
      "mode": "managed",
      "type": "github_team_repository",
      "name": "repo_team_pull",
      "each": "list",
      "provider": "provider.github",
      "instances": []
    },
    {
      "module": "module.repo_verify_jenkins_job_builder",
      "mode": "managed",
      "type": "github_team_repository",
      "name": "repo_team_pull",
      "each": "list",
      "provider": "provider.github",
      "instances": []
    },
    {
      "module": "module.repo_verify_event_recorder_service",
      "mode": "managed",
      "type": "github_team_repository",
      "name": "repo_team_pull",
      "each": "list",
      "provider": "provider.github",
      "instances": []
    },
    {
      "module": "module.repo_verify_idp_pid_hasherator",
      "mode": "managed",
      "type": "github_team_repository",
      "name": "repo_team_pull",
      "each": "list",
      "provider": "provider.github",
      "instances": []
    },
    {
      "module": "module.repo_verify_release_logs",
      "mode": "managed",
      "type": "github_team_repository",
      "name": "repo_team_pull",
      "each": "list",
      "provider": "provider.github",
      "instances": []
    },
    {
      "module": "module.repo_verify_german_eidas_middleware",
      "mode": "managed",
      "type": "github_team_repository",
      "name": "repo_team_pull",
      "each": "list",
      "provider": "provider.github",
      "instances": []
    },
    {
      "module": "module.repo_dcs_performance_tests",
      "mode": "managed",
      "type": "github_team_repository",
      "name": "repo_team_pull",
      "each": "list",
      "provider": "provider.github",
      "instances": []
    },
    {
      "module": "module.repo_verify_token_service",
      "mode": "managed",
      "type": "github_team_repository",
      "name": "repo_team_pull",
      "each": "list",
      "provider": "provider.github",
      "instances": []
    },
    {
      "module": "module.repo_verify_terraform",
      "mode": "managed",
      "type": "github_team_repository",
      "name": "repo_team_pull",
      "each": "list",
      "provider": "provider.github",
      "instances": []
    },
    {
      "module": "module.repo_passport_verify_stub_relying_party",
      "mode": "managed",
      "type": "github_team_repository",
      "name": "repo_team_pull",
      "each": "list",
      "provider": "provider.github",
      "instances": []
    },
    {
      "module": "module.repo_verify_data_pipeline",
      "mode": "managed",
      "type": "github_team_repository",
      "name": "repo_team_pull",
      "each": "list",
      "provider": "provider.github",
      "instances": []
    },
    {
      "module": "module.repo_verify_performance",
      "mode": "managed",
      "type": "github_team_repository",
      "name": "repo_team_pull",
      "each": "list",
      "provider": "provider.github",
      "instances": []
    },
    {
      "module": "module.repo_verify_event_emitter_loader",
      "mode": "managed",
      "type": "github_team_repository",
      "name": "repo_team_pull",
      "each": "list",
      "provider": "provider.github",
      "instances": []
    },
    {
      "module": "module.repo_verify_architecture",
      "mode": "managed",
      "type": "github_team_repository",
      "name": "repo_team_pull",
      "each": "list",
      "provider": "provider.github",
      "instances": []
    },
    {
      "module": "module.repo_verify_infrastructure",
      "mode": "managed",
      "type": "github_team_repository",
      "name": "repo_team_pull",
      "each": "list",
      "provider": "provider.github",
      "instances": []
    },
    {
      "module": "module.repo_ida_hub_acceptance_tests",
      "mode": "managed",
      "type": "github_team_repository",
      "name": "repo_team_pull",
      "each": "list",
      "provider": "provider.github",
      "instances": []
    },
    {
      "module": "module.repo_verify_saml_libs",
      "mode": "managed",
      "type": "github_team_repository",
      "name": "repo_team_pull",
      "each": "list",
      "provider": "provider.github",
      "instances": []
    },
    {
      "module": "module.repo_verify_rp_environment_config_form",
      "mode": "managed",
      "type": "github_team_repository",
      "name": "repo_team_pull",
      "each": "list",
      "provider": "provider.github",
      "instances": []
    },
    {
      "module": "module.repo_verify_stub_idp_federation_config",
      "mode": "managed",
      "type": "github_team_repository",
      "name": "repo_team_pull",
      "each": "list",
      "provider": "provider.github",
      "instances": []
    },
    {
      "module": "module.repo_verify_proxy_node",
      "mode": "managed",
      "type": "github_team_repository",
      "name": "repo_team_pull",
      "each": "list",
      "provider": "provider.github",
      "instances": []
    },
    {
      "module": "module.repo_verify_proxy_node_infra",
      "mode": "managed",
      "type": "github_team_repository",
      "name": "repo_team_pull",
      "each": "list",
      "provider": "provider.github",
      "instances": []
    },
    {
      "module": "module.repo_verify_test_rp",
      "mode": "managed",
      "type": "github_team_repository",
      "name": "repo_team_pull",
      "each": "list",
      "provider": "provider.github",
      "instances": []
    },
    {
      "module": "module.repo_verify_ansible",
      "mode": "managed",
      "type": "github_team_repository",
      "name": "repo_team_pull",
      "each": "list",
      "provider": "provider.github",
      "instances": []
    },
    {
      "module": "module.repo_verify_local_startup",
      "mode": "managed",
      "type": "github_team_repository",
      "name": "repo_team_push",
      "each": "list",
      "provider": "provider.github",
      "instances": [
        {
          "index_key": 0,
          "schema_version": 0,
          "attributes": {
            "etag": "W/\"c8f4e7467ef56c7f0be98804cff1a5dc\"",
            "id": "2826122:verify-local-startup",
            "permission": "push",
            "repository": "verify-local-startup",
            "team_id": "2826122"
          },
          "depends_on": [
            "github_repository.repo"
          ]
        }
      ]
    },
    {
      "module": "module.repo_verify_support_form",
      "mode": "managed",
      "type": "github_team_repository",
      "name": "repo_team_push",
      "each": "list",
      "provider": "provider.github",
      "instances": [
        {
          "index_key": 0,
          "schema_version": 0,
          "attributes": {
            "etag": "W/\"818456792fc2ed7c4bb6ea6d46bb716a\"",
            "id": "2826122:verify-support-form",
            "permission": "push",
            "repository": "verify-support-form",
            "team_id": "2826122"
          },
          "depends_on": [
            "data.github_team.push_teams",
            "github_repository.repo"
          ]
        }
      ]
    },
    {
      "module": "module.repo_verify_self_service_infrastructure",
      "mode": "managed",
      "type": "github_team_repository",
      "name": "repo_team_push",
      "each": "list",
      "provider": "provider.github",
      "instances": [
        {
          "index_key": 0,
          "schema_version": 0,
          "attributes": {
            "etag": "W/\"cd7075e72a0a821fe648274a27b64246\"",
            "id": "2826122:verify-self-service-infrastructure",
            "permission": "push",
            "repository": "verify-self-service-infrastructure",
            "team_id": "2826122"
          },
          "depends_on": [
            "github_repository.repo"
          ]
        }
      ]
    },
    {
      "module": "module.repo_verify_hub_federation_config",
      "mode": "managed",
      "type": "github_team_repository",
      "name": "repo_team_push",
      "each": "list",
      "provider": "provider.github",
      "instances": [
        {
          "index_key": 0,
          "schema_version": 0,
          "attributes": {
            "etag": "W/\"4d8690a98485bd8a1d52c02fd5cddfef\"",
            "id": "2826122:verify-hub-federation-config",
            "permission": "push",
            "repository": "verify-hub-federation-config",
            "team_id": "2826122"
          },
          "depends_on": [
            "data.github_team.teams",
            "github_repository.repo"
          ]
        }
      ]
    },
    {
      "module": "module.repo_verify_eidas_mw_config_generator",
      "mode": "managed",
      "type": "github_team_repository",
      "name": "repo_team_push",
      "each": "list",
      "provider": "provider.github",
      "instances": [
        {
          "index_key": 0,
          "schema_version": 0,
          "attributes": {
            "etag": "W/\"03ff0636e71f97b10cb4b8f4176987e4\"",
            "id": "2826126:verify-eidas-mw-config-generator",
            "permission": "push",
            "repository": "verify-eidas-mw-config-generator",
            "team_id": "2826126"
          },
          "depends_on": [
            "data.github_team.push_teams",
            "github_repository.repo"
          ]
        }
      ]
    },
    {
      "module": "module.repo_verify_event_system_database_scripts",
      "mode": "managed",
      "type": "github_team_repository",
      "name": "repo_team_push",
      "each": "list",
      "provider": "provider.github",
      "instances": [
        {
          "index_key": 0,
          "schema_version": 0,
          "attributes": {
            "etag": "W/\"6752ce6aeef3bc9652d471caa2cc01ec\"",
            "id": "2826122:verify-event-system-database-scripts",
            "permission": "push",
            "repository": "verify-event-system-database-scripts",
            "team_id": "2826122"
          },
          "depends_on": [
            "github_repository.repo"
          ]
        }
      ]
    },
    {
      "module": "module.repo_verify_performance_scripts",
      "mode": "managed",
      "type": "github_team_repository",
      "name": "repo_team_push",
      "each": "list",
      "provider": "provider.github",
      "instances": [
        {
          "index_key": 0,
          "schema_version": 0,
          "attributes": {
            "etag": "W/\"9ea15f1f9842182dc74b268cee1150f7\"",
            "id": "2826122:verify-performance-scripts",
            "permission": "push",
            "repository": "verify-performance-scripts",
            "team_id": "2826122"
          },
          "depends_on": [
            "data.github_team.push_teams",
            "github_repository.repo"
          ]
        }
      ]
    },
    {
      "module": "module.repo_verify_infrastructure_config",
      "mode": "managed",
      "type": "github_team_repository",
      "name": "repo_team_push",
      "each": "list",
      "provider": "provider.github",
      "instances": [
        {
          "index_key": 0,
          "schema_version": 0,
          "attributes": {
            "etag": "W/\"09e0127a7691807d5fe9be97081164aa\"",
            "id": "2826122:verify-infrastructure-config",
            "permission": "push",
            "repository": "verify-infrastructure-config",
            "team_id": "2826122"
          },
          "depends_on": [
            "data.github_team.push_teams",
            "github_repository.repo"
          ]
        },
        {
          "index_key": 1,
          "schema_version": 0,
          "attributes": {
            "etag": "W/\"09e0127a7691807d5fe9be97081164aa\"",
            "id": "2826127:verify-infrastructure-config",
            "permission": "push",
            "repository": "verify-infrastructure-config",
            "team_id": "2826127"
          },
          "depends_on": [
            "data.github_team.push_teams",
            "github_repository.repo"
          ]
        }
      ]
    },
    {
      "module": "module.repo_verify_frontend_federation_config",
      "mode": "managed",
      "type": "github_team_repository",
      "name": "repo_team_push",
      "each": "list",
      "provider": "provider.github",
      "instances": [
        {
          "index_key": 0,
          "schema_version": 0,
          "attributes": {
            "etag": "W/\"7687decc0312525c0254365a7100541f\"",
            "id": "2826122:verify-frontend-federation-config",
            "permission": "push",
            "repository": "verify-frontend-federation-config",
            "team_id": "2826122"
          },
          "depends_on": [
            "data.github_team.push_teams",
            "github_repository.repo"
          ]
        }
      ]
    },
    {
      "module": "module.repo_verify_datascience_sandbox",
      "mode": "managed",
      "type": "github_team_repository",
      "name": "repo_team_push",
      "each": "list",
      "provider": "provider.github",
      "instances": [
        {
          "index_key": 0,
          "schema_version": 0,
          "attributes": {
            "etag": "W/\"c2cf3a1a3317d9ab42a483cb1eb59311\"",
            "id": "2826122:verify-datascience-sandbox",
            "permission": "push",
            "repository": "verify-datascience-sandbox",
            "team_id": "2826122"
          },
          "depends_on": [
            "data.github_team.push_teams",
            "github_repository.repo"
          ]
        }
      ]
    },
    {
      "module": "module.repo_ida_hub_support",
      "mode": "managed",
      "type": "github_team_repository",
      "name": "repo_team_push",
      "each": "list",
      "provider": "provider.github",
      "instances": [
        {
          "index_key": 0,
          "schema_version": 0,
          "attributes": {
            "etag": "W/\"64d8c28a4853cb4b1d3f597bc43be66d\"",
            "id": "2826122:ida-hub-support",
            "permission": "pull",
            "repository": "ida-hub-support",
            "team_id": "2826122"
          },
          "depends_on": [
            "data.github_team.teams",
            "github_repository.repo"
          ]
        }
      ]
    },
    {
      "module": "module.repo_verify_eidas_mw_run",
      "mode": "managed",
      "type": "github_team_repository",
      "name": "repo_team_push",
      "each": "list",
      "provider": "provider.github",
      "instances": [
        {
          "index_key": 0,
          "schema_version": 0,
          "attributes": {
            "etag": "W/\"6e6fc20cc9d7f01396b53001fbfc5ef9\"",
            "id": "2826126:verify-eidas-mw-run",
            "permission": "push",
            "repository": "verify-eidas-mw-run",
            "team_id": "2826126"
          },
          "depends_on": [
            "data.github_team.push_teams",
            "github_repository.repo"
          ]
        }
      ]
    },
    {
      "module": "module.repo_verify_boxes",
      "mode": "managed",
      "type": "github_team_repository",
      "name": "repo_team_push",
      "each": "list",
      "provider": "provider.github",
      "instances": [
        {
          "index_key": 0,
          "schema_version": 0,
          "attributes": {
            "etag": "W/\"cdf2a897ac34979b701dab3e0bc52569\"",
            "id": "2826122:verify-boxes",
            "permission": "push",
            "repository": "verify-boxes",
            "team_id": "2826122"
          },
          "depends_on": [
            "data.github_team.push_teams",
            "github_repository.repo"
          ]
        },
        {
          "index_key": 1,
          "schema_version": 0,
          "attributes": {
            "etag": "W/\"cdf2a897ac34979b701dab3e0bc52569\"",
            "id": "2826127:verify-boxes",
            "permission": "push",
            "repository": "verify-boxes",
            "team_id": "2826127"
          },
          "depends_on": [
            "data.github_team.push_teams",
            "github_repository.repo"
          ]
        }
      ]
    },
    {
      "module": "module.repo_verify_frontend",
      "mode": "managed",
      "type": "github_team_repository",
      "name": "repo_team_push",
      "each": "list",
      "provider": "provider.github",
      "instances": [
        {
          "index_key": 0,
          "schema_version": 0,
          "attributes": {
            "etag": "W/\"82df1ca4fa1ce71176475b624647844b\"",
            "id": "2826122:verify-frontend",
            "permission": "push",
            "repository": "verify-frontend",
            "team_id": "2826122"
          },
          "depends_on": [
            "data.github_team.push_teams",
            "github_repository.repo"
          ]
        }
      ]
    },
    {
      "module": "module.repo_verify_data_pipeline_config",
      "mode": "managed",
      "type": "github_team_repository",
      "name": "repo_team_push",
      "each": "list",
      "provider": "provider.github",
      "instances": [
        {
          "index_key": 0,
          "schema_version": 0,
          "attributes": {
            "etag": "W/\"96672d7143d8dd8f5327a092824f9c78\"",
            "id": "2826122:verify-data-pipeline-config",
            "permission": "push",
            "repository": "verify-data-pipeline-config",
            "team_id": "2826122"
          },
          "depends_on": [
            "data.github_team.push_teams",
            "github_repository.repo"
          ]
        }
      ]
    },
    {
      "module": "module.repo_verify_service_provider",
      "mode": "managed",
      "type": "github_team_repository",
      "name": "repo_team_push",
      "each": "list",
      "provider": "provider.github",
      "instances": [
        {
          "index_key": 0,
          "schema_version": 0,
          "attributes": {
            "etag": "W/\"8c8d819a5d1e52b1e50ac76db54ffd2c\"",
            "id": "2826122:verify-service-provider",
            "permission": "push",
            "repository": "verify-service-provider",
            "team_id": "2826122"
          },
          "depends_on": [
            "data.github_team.push_teams",
            "github_repository.repo"
          ]
        }
      ]
    },
    {
      "module": "module.repo_verify_packages",
      "mode": "managed",
      "type": "github_team_repository",
      "name": "repo_team_push",
      "each": "list",
      "provider": "provider.github",
      "instances": [
        {
          "index_key": 0,
          "schema_version": 0,
          "attributes": {
            "etag": "W/\"b8c64d232ec866ab8b5933db5a764f64\"",
            "id": "2826122:verify-packages",
            "permission": "push",
            "repository": "verify-packages",
            "team_id": "2826122"
          },
          "depends_on": [
            "data.github_team.push_teams",
            "github_repository.repo"
          ]
        },
        {
          "index_key": 1,
          "schema_version": 0,
          "attributes": {
            "etag": "W/\"b8c64d232ec866ab8b5933db5a764f64\"",
            "id": "2826127:verify-packages",
            "permission": "push",
            "repository": "verify-packages",
            "team_id": "2826127"
          },
          "depends_on": [
            "data.github_team.push_teams",
            "github_repository.repo"
          ]
        }
      ]
    },
    {
      "module": "module.repo_verify_team_manual",
      "mode": "managed",
      "type": "github_team_repository",
      "name": "repo_team_push",
      "each": "list",
      "provider": "provider.github",
      "instances": [
        {
          "index_key": 0,
          "schema_version": 0,
          "attributes": {
            "etag": "W/\"bd66b381ef2134e05a65d3b0080fdedc\"",
            "id": "2826122:verify-team-manual",
            "permission": "push",
            "repository": "verify-team-manual",
            "team_id": "2826122"
          },
          "depends_on": [
            "data.github_team.push_teams",
            "github_repository.repo"
          ]
        },
        {
          "index_key": 1,
          "schema_version": 0,
          "attributes": {
            "etag": "W/\"bd66b381ef2134e05a65d3b0080fdedc\"",
            "id": "2826127:verify-team-manual",
            "permission": "push",
            "repository": "verify-team-manual",
            "team_id": "2826127"
          },
          "depends_on": [
            "data.github_team.push_teams",
            "github_repository.repo"
          ]
        }
      ]
    },
    {
      "module": "module.repo_verify_release_automation",
      "mode": "managed",
      "type": "github_team_repository",
      "name": "repo_team_push",
      "each": "list",
      "provider": "provider.github",
      "instances": [
        {
          "index_key": 0,
          "schema_version": 0,
          "attributes": {
            "etag": "W/\"dfa965ee9958eb54337dc44247444b93\"",
            "id": "2826122:verify-release-automation",
            "permission": "push",
            "repository": "verify-release-automation",
            "team_id": "2826122"
          },
          "depends_on": [
            "data.github_team.push_teams",
            "github_repository.repo"
          ]
        }
      ]
    },
    {
      "module": "module.repo_metadata_checker",
      "mode": "managed",
      "type": "github_team_repository",
      "name": "repo_team_push",
      "each": "list",
      "provider": "provider.github",
      "instances": [
        {
          "index_key": 0,
          "schema_version": 0,
          "attributes": {
            "etag": "W/\"de0b109f9613b16cba2d73040c21a310\"",
            "id": "2826122:metadata-checker",
            "permission": "push",
            "repository": "metadata-checker",
            "team_id": "2826122"
          },
          "depends_on": [
            "data.github_team.push_teams",
            "github_repository.repo"
          ]
        },
        {
          "index_key": 1,
          "schema_version": 0,
          "attributes": {
            "etag": "W/\"de0b109f9613b16cba2d73040c21a310\"",
            "id": "2826127:metadata-checker",
            "permission": "push",
            "repository": "metadata-checker",
            "team_id": "2826127"
          },
          "depends_on": [
            "data.github_team.push_teams",
            "github_repository.repo"
          ]
        }
      ]
    },
    {
      "module": "module.repo_verify_dashing",
      "mode": "managed",
      "type": "github_team_repository",
      "name": "repo_team_push",
      "each": "list",
      "provider": "provider.github",
      "instances": [
        {
          "index_key": 0,
          "schema_version": 0,
          "attributes": {
            "etag": "W/\"ccc698518c8d36c33aa74d2ccb7c1c48\"",
            "id": "2826122:verify-dashing",
            "permission": "push",
            "repository": "verify-dashing",
            "team_id": "2826122"
          },
          "depends_on": [
            "github_repository.repo"
          ]
        }
      ]
    },
    {
      "module": "module.repo_verify_matching_service_adapter",
      "mode": "managed",
      "type": "github_team_repository",
      "name": "repo_team_push",
      "each": "list",
      "provider": "provider.github",
      "instances": [
        {
          "index_key": 0,
          "schema_version": 0,
          "attributes": {
            "etag": "W/\"fae48996763d8eb91bab8a901b8d396f\"",
            "id": "2826122:verify-matching-service-adapter",
            "permission": "push",
            "repository": "verify-matching-service-adapter",
            "team_id": "2826122"
          },
          "depends_on": [
            "data.github_team.teams",
            "github_repository.repo"
          ]
        }
      ]
    },
    {
      "module": "module.repo_verify_product_page",
      "mode": "managed",
      "type": "github_team_repository",
      "name": "repo_team_push",
      "each": "list",
      "provider": "provider.github",
      "instances": [
        {
          "index_key": 0,
          "schema_version": 0,
          "attributes": {
            "etag": "W/\"17cab7a66a365eace707889cae4d07b3\"",
            "id": "2826122:verify-product-page",
            "permission": "push",
            "repository": "verify-product-page",
            "team_id": "2826122"
          },
          "depends_on": [
            "github_repository.repo"
          ]
        }
      ]
    },
    {
      "module": "module.repo_verify_acceptance_tests",
      "mode": "managed",
      "type": "github_team_repository",
      "name": "repo_team_push",
      "each": "list",
      "provider": "provider.github",
      "instances": [
        {
          "index_key": 0,
          "schema_version": 0,
          "attributes": {
            "etag": "W/\"8e46b16a30a89e0fff1182e7e3063cb9\"",
            "id": "2826122:verify-acceptance-tests",
            "permission": "push",
            "repository": "verify-acceptance-tests",
            "team_id": "2826122"
          },
          "depends_on": [
            "data.github_team.teams",
            "github_repository.repo"
          ]
        }
      ]
    },
    {
      "module": "module.repo_passport_verify",
      "mode": "managed",
      "type": "github_team_repository",
      "name": "repo_team_push",
      "each": "list",
      "provider": "provider.github",
      "instances": [
        {
          "index_key": 0,
          "schema_version": 0,
          "attributes": {
            "etag": "W/\"091ec6713350aeb283b347486cf9ddb9\"",
            "id": "2826122:passport-verify",
            "permission": "push",
            "repository": "passport-verify",
            "team_id": "2826122"
          },
          "depends_on": [
            "data.github_team.push_teams",
            "github_repository.repo"
          ]
        }
      ]
    },
    {
      "module": "module.repo_verify_hub",
      "mode": "managed",
      "type": "github_team_repository",
      "name": "repo_team_push",
      "each": "list",
      "provider": "provider.github",
      "instances": [
        {
          "index_key": 0,
          "schema_version": 0,
          "attributes": {
            "etag": "W/\"2533e567c8f7e7188deadd948108509e\"",
            "id": "2826122:verify-hub",
            "permission": "push",
            "repository": "verify-hub",
            "team_id": "2826122"
          },
          "depends_on": [
            "data.github_team.teams",
            "github_repository.repo"
          ]
        }
      ]
    },
    {
      "module": "module.repo_verify_tech_team",
      "mode": "managed",
      "type": "github_team_repository",
      "name": "repo_team_push",
      "each": "list",
      "provider": "provider.github",
      "instances": [
        {
          "index_key": 0,
          "schema_version": 0,
          "attributes": {
            "etag": "W/\"25285890d8e0842726a6f31baece0b52\"",
            "id": "2826122:verify-tech-team",
            "permission": "push",
            "repository": "verify-tech-team",
            "team_id": "2826122"
          },
          "depends_on": [
            "data.github_team.push_teams",
            "github_repository.repo"
          ]
        }
      ]
    },
    {
      "module": "module.repo_verify_event_infrastructure",
      "mode": "managed",
      "type": "github_team_repository",
      "name": "repo_team_push",
      "each": "list",
      "provider": "provider.github",
      "instances": [
        {
          "index_key": 0,
          "schema_version": 0,
          "attributes": {
            "etag": "W/\"0cb83dfdc617c8ccb4c5b6ce32e4654d\"",
            "id": "2826122:verify-event-infrastructure",
            "permission": "push",
            "repository": "verify-event-infrastructure",
            "team_id": "2826122"
          },
          "depends_on": [
            "data.github_team.push_teams",
            "github_repository.repo"
          ]
        },
        {
          "index_key": 1,
          "schema_version": 0,
          "attributes": {
            "etag": "W/\"0cb83dfdc617c8ccb4c5b6ce32e4654d\"",
            "id": "2826127:verify-event-infrastructure",
            "permission": "push",
            "repository": "verify-event-infrastructure",
            "team_id": "2826127"
          },
          "depends_on": [
            "data.github_team.push_teams",
            "github_repository.repo"
          ]
        }
      ]
    },
    {
      "module": "module.repo_verify_puppet",
      "mode": "managed",
      "type": "github_team_repository",
      "name": "repo_team_push",
      "each": "list",
      "provider": "provider.github",
      "instances": [
        {
          "index_key": 0,
          "schema_version": 0,
          "attributes": {
            "etag": "W/\"a88e27be21da8f6ecada3a5485ba90f8\"",
            "id": "2826122:verify-puppet",
            "permission": "push",
            "repository": "verify-puppet",
            "team_id": "2826122"
          },
          "depends_on": [
            "data.github_team.push_teams",
            "github_repository.repo"
          ]
        },
        {
          "index_key": 1,
          "schema_version": 0,
          "attributes": {
            "etag": "W/\"a88e27be21da8f6ecada3a5485ba90f8\"",
            "id": "2826127:verify-puppet",
            "permission": "push",
            "repository": "verify-puppet",
            "team_id": "2826127"
          },
          "depends_on": [
            "data.github_team.push_teams",
            "github_repository.repo"
          ]
        }
      ]
    },
    {
      "module": "module.repo_verify_data_schemas",
      "mode": "managed",
      "type": "github_team_repository",
      "name": "repo_team_push",
      "each": "list",
      "provider": "provider.github",
      "instances": [
        {
          "index_key": 0,
          "schema_version": 0,
          "attributes": {
            "etag": "W/\"5f2d2c8a322c5e65d73ef37517ce6ffa\"",
            "id": "2826122:verify-data-schemas",
            "permission": "pull",
            "repository": "verify-data-schemas",
            "team_id": "2826122"
          },
          "depends_on": [
            "data.github_team.push_teams",
            "github_repository.repo"
          ]
        }
      ]
    },
    {
      "module": "module.repo_verify_blackbox_passwords",
      "mode": "managed",
      "type": "github_team_repository",
      "name": "repo_team_push",
      "each": "list",
      "provider": "provider.github",
      "instances": [
        {
          "index_key": 0,
          "schema_version": 0,
          "attributes": {
            "etag": "W/\"8247665a97155c865cab4bab244d0add\"",
            "id": "2826122:verify-blackbox-passwords",
            "permission": "push",
            "repository": "verify-blackbox-passwords",
            "team_id": "2826122"
          },
          "depends_on": [
            "data.github_team.push_teams",
            "github_repository.repo"
          ]
        },
        {
          "index_key": 1,
          "schema_version": 0,
          "attributes": {
            "etag": "W/\"8247665a97155c865cab4bab244d0add\"",
            "id": "2826127:verify-blackbox-passwords",
            "permission": "push",
            "repository": "verify-blackbox-passwords",
            "team_id": "2826127"
          },
          "depends_on": [
            "data.github_team.push_teams",
            "github_repository.repo"
          ]
        }
      ]
    },
    {
      "module": "module.repo_splunk_library_javalogging",
      "mode": "managed",
      "type": "github_team_repository",
      "name": "repo_team_push",
      "each": "list",
      "provider": "provider.github",
      "instances": [
        {
          "index_key": 0,
          "schema_version": 0,
          "attributes": {
            "etag": "W/\"ea45050958a611ad50547d4ec049674c\"",
            "id": "2826122:splunk-library-javalogging",
            "permission": "push",
            "repository": "splunk-library-javalogging",
            "team_id": "2826122"
          },
          "depends_on": [
            "github_repository.repo"
          ]
        }
      ]
    },
    {
      "module": "module.repo_verify_event_system_alarm_notifier",
      "mode": "managed",
      "type": "github_team_repository",
      "name": "repo_team_push",
      "each": "list",
      "provider": "provider.github",
      "instances": [
        {
          "index_key": 0,
          "schema_version": 0,
          "attributes": {
            "etag": "W/\"69c1cbbb09214461ded9011bcb45af65\"",
            "id": "2826122:verify-event-system-alarm-notifier",
            "permission": "push",
            "repository": "verify-event-system-alarm-notifier",
            "team_id": "2826122"
          },
          "depends_on": [
            "github_repository.repo"
          ]
        }
      ]
    },
    {
      "module": "module.repo_verify_self_service",
      "mode": "managed",
      "type": "github_team_repository",
      "name": "repo_team_push",
      "each": "list",
      "provider": "provider.github",
      "instances": [
        {
          "index_key": 0,
          "schema_version": 0,
          "attributes": {
            "etag": "W/\"936a4b0e58bc40c0d7dc9f37b28865b0\"",
            "id": "2826122:verify-self-service",
            "permission": "push",
            "repository": "verify-self-service",
            "team_id": "2826122"
          },
          "depends_on": [
            "data.github_team.push_teams",
            "github_repository.repo"
          ]
        }
      ]
    },
    {
      "module": "module.repo_verify_event_emitter",
      "mode": "managed",
      "type": "github_team_repository",
      "name": "repo_team_push",
      "each": "list",
      "provider": "provider.github",
      "instances": [
        {
          "index_key": 0,
          "schema_version": 0,
          "attributes": {
            "etag": "W/\"8bdb6265df2bf5531c6b43e92c72af06\"",
            "id": "2826122:verify-event-emitter",
            "permission": "push",
            "repository": "verify-event-emitter",
            "team_id": "2826122"
          },
          "depends_on": [
            "data.github_team.teams",
            "github_repository.repo"
          ]
        }
      ]
    },
    {
      "module": "module.repo_verify_il3_laptop_bootstrap",
      "mode": "managed",
      "type": "github_team_repository",
      "name": "repo_team_push",
      "each": "list",
      "provider": "provider.github",
      "instances": [
        {
          "index_key": 0,
          "schema_version": 0,
          "attributes": {
            "etag": "W/\"4beae3ecbba2cc41f4f6686d1924d83e\"",
            "id": "2826122:verify-il3-laptop-bootstrap",
            "permission": "push",
            "repository": "verify-il3-laptop-bootstrap",
            "team_id": "2826122"
          },
          "depends_on": [
            "data.github_team.push_teams",
            "github_repository.repo"
          ]
        },
        {
          "index_key": 1,
          "schema_version": 0,
          "attributes": {
            "etag": "W/\"4beae3ecbba2cc41f4f6686d1924d83e\"",
            "id": "2826127:verify-il3-laptop-bootstrap",
            "permission": "push",
            "repository": "verify-il3-laptop-bootstrap",
            "team_id": "2826127"
          },
          "depends_on": [
            "data.github_team.push_teams",
            "github_repository.repo"
          ]
        }
      ]
    },
    {
      "module": "module.repo_dcs_client_acceptance_tests",
      "mode": "managed",
      "type": "github_team_repository",
      "name": "repo_team_push",
      "each": "list",
      "provider": "provider.github",
      "instances": [
        {
          "index_key": 0,
          "schema_version": 0,
          "attributes": {
            "etag": "W/\"2e7f8a414fc9ead1b65be817640bed21\"",
            "id": "2826122:dcs-client-acceptance-tests",
            "permission": "push",
            "repository": "dcs-client-acceptance-tests",
            "team_id": "2826122"
          },
          "depends_on": [
            "data.github_team.push_teams",
            "github_repository.repo"
          ]
        }
      ]
    },
    {
      "module": "module.repo_dcs_client",
      "mode": "managed",
      "type": "github_team_repository",
      "name": "repo_team_push",
      "each": "list",
      "provider": "provider.github",
      "instances": [
        {
          "index_key": 0,
          "schema_version": 0,
          "attributes": {
            "etag": "W/\"431aae33f4baace401482a0222193e69\"",
            "id": "2826122:dcs-client",
            "permission": "push",
            "repository": "dcs-client",
            "team_id": "2826122"
          },
          "depends_on": [
            "data.github_team.push_teams",
            "github_repository.repo"
          ]
        }
      ]
    },
    {
      "module": "module.repo_verify_fabric",
      "mode": "managed",
      "type": "github_team_repository",
      "name": "repo_team_push",
      "each": "list",
      "provider": "provider.github",
      "instances": [
        {
          "index_key": 0,
          "schema_version": 0,
          "attributes": {
            "etag": "W/\"fb1f3ac2460a5b51d1cff1f47c45953b\"",
            "id": "2826122:verify-fabric",
            "permission": "push",
            "repository": "verify-fabric",
            "team_id": "2826122"
          },
          "depends_on": [
            "data.github_team.push_teams",
            "github_repository.repo"
          ]
        },
        {
          "index_key": 1,
          "schema_version": 0,
          "attributes": {
            "etag": "W/\"fb1f3ac2460a5b51d1cff1f47c45953b\"",
            "id": "2826127:verify-fabric",
            "permission": "push",
            "repository": "verify-fabric",
            "team_id": "2826127"
          },
          "depends_on": [
            "data.github_team.push_teams",
            "github_repository.repo"
          ]
        }
      ]
    },
    {
      "module": "module.repo_verify_utils_libs",
      "mode": "managed",
      "type": "github_team_repository",
      "name": "repo_team_push",
      "each": "list",
      "provider": "provider.github",
      "instances": [
        {
          "index_key": 0,
          "schema_version": 0,
          "attributes": {
            "etag": "W/\"079e73e2eadfe1176e5b9470ad3ee90d\"",
            "id": "2826122:verify-utils-libs",
            "permission": "push",
            "repository": "verify-utils-libs",
            "team_id": "2826122"
          },
          "depends_on": [
            "data.github_team.teams",
            "github_repository.repo"
          ]
        }
      ]
    },
    {
      "module": "module.repo_verify_build_scripts",
      "mode": "managed",
      "type": "github_team_repository",
      "name": "repo_team_push",
      "each": "list",
      "provider": "provider.github",
      "instances": [
        {
          "index_key": 0,
          "schema_version": 0,
          "attributes": {
            "etag": "W/\"2a55fbab77d5635ac9c3add4a215cedf\"",
            "id": "2826122:verify-build-scripts",
            "permission": "push",
            "repository": "verify-build-scripts",
            "team_id": "2826122"
          },
          "depends_on": [
            "data.github_team.push_teams",
            "github_repository.repo"
          ]
        }
      ]
    },
    {
      "module": "module.repo_verify_eidas_trust_anchor",
      "mode": "managed",
      "type": "github_team_repository",
      "name": "repo_team_push",
      "each": "list",
      "provider": "provider.github",
      "instances": [
        {
          "index_key": 0,
          "schema_version": 0,
          "attributes": {
            "etag": "W/\"8d11ec7f764f9ad52baaaf40fefcad72\"",
            "id": "2826126:verify-eidas-trust-anchor",
            "permission": "push",
            "repository": "verify-eidas-trust-anchor",
            "team_id": "2826126"
          },
          "depends_on": [
            "data.github_team.push_teams",
            "github_repository.repo"
          ]
        }
      ]
    },
    {
      "module": "module.repo_verify_metadata",
      "mode": "managed",
      "type": "github_team_repository",
      "name": "repo_team_push",
      "each": "list",
      "provider": "provider.github",
      "instances": [
        {
          "index_key": 0,
          "schema_version": 0,
          "attributes": {
            "etag": "W/\"ca18ec5b21f4c0f6481d25a963b34d1f\"",
            "id": "2826122:verify-metadata",
            "permission": "push",
            "repository": "verify-metadata",
            "team_id": "2826122"
          },
          "depends_on": [
            "data.github_team.teams",
            "github_repository.repo"
          ]
        }
      ]
    },
    {
      "module": "module.repo_verify_idp_predictor",
      "mode": "managed",
      "type": "github_team_repository",
      "name": "repo_team_push",
      "each": "list",
      "provider": "provider.github",
      "instances": [
        {
          "index_key": 0,
          "schema_version": 0,
          "attributes": {
            "etag": "W/\"64d211996d6ec46f7910731423610317\"",
            "id": "2826122:verify-idp-predictor",
            "permission": "push",
            "repository": "verify-idp-predictor",
            "team_id": "2826122"
          },
          "depends_on": [
            "data.github_team.push_teams",
            "github_repository.repo"
          ]
        }
      ]
    },
    {
      "module": "module.repo_verify_test_repo",
      "mode": "managed",
      "type": "github_team_repository",
      "name": "repo_team_push",
      "each": "list",
      "provider": "provider.github",
      "instances": [
        {
          "index_key": 0,
          "schema_version": 0,
          "attributes": {
            "etag": "W/\"d119f6ce18f2aca967e9f3f73452cdb2\"",
            "id": "2826122:verify-test-repo",
            "permission": "push",
            "repository": "verify-test-repo",
            "team_id": "2826122"
          },
          "depends_on": [
            "data.github_team.teams",
            "github_repository.repo"
          ]
        }
      ]
    },
    {
      "module": "module.repo_verify_stub_idp",
      "mode": "managed",
      "type": "github_team_repository",
      "name": "repo_team_push",
      "each": "list",
      "provider": "provider.github",
      "instances": [
        {
          "index_key": 0,
          "schema_version": 0,
          "attributes": {
            "etag": "W/\"fef697e4dcacebf08e853253938898e0\"",
            "id": "2826122:verify-stub-idp",
            "permission": "push",
            "repository": "verify-stub-idp",
            "team_id": "2826122"
          },
          "depends_on": [
            "data.github_team.teams",
            "github_repository.repo"
          ]
        }
      ]
    },
    {
      "module": "module.repo_verify_matomo_utils",
      "mode": "managed",
      "type": "github_team_repository",
      "name": "repo_team_push",
      "each": "list",
      "provider": "provider.github",
      "instances": [
        {
          "index_key": 0,
          "schema_version": 0,
          "attributes": {
            "etag": "W/\"d28bae5fc991e392c5ef60111f95a565\"",
            "id": "2826122:verify-matomo-utils",
            "permission": "push",
            "repository": "verify-matomo-utils",
            "team_id": "2826122"
          },
          "depends_on": [
            "github_repository.repo"
          ]
        }
      ]
    },
    {
      "module": "module.repo_verify_local_matching_service_example",
      "mode": "managed",
      "type": "github_team_repository",
      "name": "repo_team_push",
      "each": "list",
      "provider": "provider.github",
      "instances": [
        {
          "index_key": 0,
          "schema_version": 0,
          "attributes": {
            "etag": "W/\"788b4b79467628ac24a3efe0eed47585\"",
            "id": "2826122:verify-local-matching-service-example",
            "permission": "push",
            "repository": "verify-local-matching-service-example",
            "team_id": "2826122"
          },
          "depends_on": [
            "data.github_team.push_teams",
            "github_repository.repo"
          ]
        }
      ]
    },
    {
      "module": "module.repo_doc_checking",
      "mode": "managed",
      "type": "github_team_repository",
      "name": "repo_team_push",
      "each": "list",
      "provider": "provider.github",
      "instances": [
        {
          "index_key": 0,
          "schema_version": 0,
          "attributes": {
            "etag": "W/\"a7b18ac9a7281bdc9497d0bd55ad7a33\"",
            "id": "2826122:doc-checking",
            "permission": "push",
            "repository": "doc-checking",
            "team_id": "2826122"
          },
          "depends_on": [
            "data.github_team.push_teams",
            "github_repository.repo"
          ]
        }
      ]
    },
    {
      "module": "module.repo_ida_compliance_tool",
      "mode": "managed",
      "type": "github_team_repository",
      "name": "repo_team_push",
      "each": "list",
      "provider": "provider.github",
      "instances": [
        {
          "index_key": 0,
          "schema_version": 0,
          "attributes": {
            "etag": "W/\"c0f22a7f18bae71a0afaedffceb06b99\"",
            "id": "2826122:ida-compliance-tool",
            "permission": "push",
            "repository": "ida-compliance-tool",
            "team_id": "2826122"
          },
          "depends_on": [
            "data.github_team.teams",
            "github_repository.repo"
          ]
        }
      ]
    },
    {
      "module": "module.repo_verify_eidas_metadata_aggregator",
      "mode": "managed",
      "type": "github_team_repository",
      "name": "repo_team_push",
      "each": "list",
      "provider": "provider.github",
      "instances": [
        {
          "index_key": 0,
          "schema_version": 0,
          "attributes": {
            "etag": "W/\"b97d0e48e31721763e2028fb8702152f\"",
            "id": "2826126:verify-eidas-metadata-aggregator",
            "permission": "push",
            "repository": "verify-eidas-metadata-aggregator",
            "team_id": "2826126"
          },
          "depends_on": [
            "data.github_team.push_teams",
            "github_repository.repo"
          ]
        }
      ]
    },
    {
      "module": "module.repo_verify_jenkins_job_builder",
      "mode": "managed",
      "type": "github_team_repository",
      "name": "repo_team_push",
      "each": "list",
      "provider": "provider.github",
      "instances": [
        {
          "index_key": 0,
          "schema_version": 0,
          "attributes": {
            "etag": "W/\"41e16a6547603d5be76a360ce64a6ef0\"",
            "id": "2826122:verify-jenkins-job-builder",
            "permission": "push",
            "repository": "verify-jenkins-job-builder",
            "team_id": "2826122"
          },
          "depends_on": [
            "data.github_team.push_teams",
            "github_repository.repo"
          ]
        },
        {
          "index_key": 1,
          "schema_version": 0,
          "attributes": {
            "etag": "W/\"41e16a6547603d5be76a360ce64a6ef0\"",
            "id": "2826127:verify-jenkins-job-builder",
            "permission": "push",
            "repository": "verify-jenkins-job-builder",
            "team_id": "2826127"
          },
          "depends_on": [
            "data.github_team.push_teams",
            "github_repository.repo"
          ]
        }
      ]
    },
    {
      "module": "module.repo_verify_event_recorder_service",
      "mode": "managed",
      "type": "github_team_repository",
      "name": "repo_team_push",
      "each": "list",
      "provider": "provider.github",
      "instances": [
        {
          "index_key": 0,
          "schema_version": 0,
          "attributes": {
            "etag": "W/\"94023f66b451b2345ff835e21c552338\"",
            "id": "2826122:verify-event-recorder-service",
            "permission": "push",
            "repository": "verify-event-recorder-service",
            "team_id": "2826122"
          },
          "depends_on": [
            "data.github_team.teams",
            "github_repository.repo"
          ]
        }
      ]
    },
    {
      "module": "module.repo_verify_idp_pid_hasherator",
      "mode": "managed",
      "type": "github_team_repository",
      "name": "repo_team_push",
      "each": "list",
      "provider": "provider.github",
      "instances": [
        {
          "index_key": 0,
          "schema_version": 0,
          "attributes": {
            "etag": "W/\"72db3090ab3a21a879b3cda6da6d7d38\"",
            "id": "2826122:verify-idp-pid-hasherator",
            "permission": "push",
            "repository": "verify-idp-pid-hasherator",
            "team_id": "2826122"
          },
          "depends_on": [
            "github_repository.repo"
          ]
        }
      ]
    },
    {
      "module": "module.repo_verify_release_logs",
      "mode": "managed",
      "type": "github_team_repository",
      "name": "repo_team_push",
      "each": "list",
      "provider": "provider.github",
      "instances": [
        {
          "index_key": 0,
          "schema_version": 0,
          "attributes": {
            "etag": "W/\"517cc815a2c86f96f5a0f95e7de13419\"",
            "id": "2826122:verify-release-logs",
            "permission": "push",
            "repository": "verify-release-logs",
            "team_id": "2826122"
          },
          "depends_on": [
            "data.github_team.push_teams",
            "github_repository.repo"
          ]
        }
      ]
    },
    {
      "module": "module.repo_verify_german_eidas_middleware",
      "mode": "managed",
      "type": "github_team_repository",
      "name": "repo_team_push",
      "each": "list",
      "provider": "provider.github",
      "instances": [
        {
          "index_key": 0,
          "schema_version": 0,
          "attributes": {
            "etag": "W/\"73f7df09361529acf77be7048fe69b98\"",
            "id": "2826126:verify-german-eidas-middleware",
            "permission": "push",
            "repository": "verify-german-eidas-middleware",
            "team_id": "2826126"
          },
          "depends_on": [
            "data.github_team.push_teams",
            "github_repository.repo"
          ]
        }
      ]
    },
    {
      "module": "module.repo_dcs_performance_tests",
      "mode": "managed",
      "type": "github_team_repository",
      "name": "repo_team_push",
      "each": "list",
      "provider": "provider.github",
      "instances": [
        {
          "index_key": 0,
          "schema_version": 0,
          "attributes": {
            "etag": "W/\"a73275d87b08603ba26304ed1a876fc1\"",
            "id": "2826122:dcs-performance-tests",
            "permission": "push",
            "repository": "dcs-performance-tests",
            "team_id": "2826122"
          },
          "depends_on": [
            "data.github_team.push_teams",
            "github_repository.repo"
          ]
        }
      ]
    },
    {
      "module": "module.repo_verify_token_service",
      "mode": "managed",
      "type": "github_team_repository",
      "name": "repo_team_push",
      "each": "list",
      "provider": "provider.github",
      "instances": [
        {
          "index_key": 0,
          "schema_version": 0,
          "attributes": {
            "etag": "W/\"8fab6499fcf619d85aa306683334c173\"",
            "id": "2826122:verify-token-service",
            "permission": "pull",
            "repository": "verify-token-service",
            "team_id": "2826122"
          },
          "depends_on": [
            "data.github_team.teams",
            "github_repository.repo"
          ]
        }
      ]
    },
    {
      "module": "module.repo_verify_terraform",
      "mode": "managed",
      "type": "github_team_repository",
      "name": "repo_team_push",
      "each": "list",
      "provider": "provider.github",
      "instances": [
        {
          "index_key": 0,
          "schema_version": 0,
          "attributes": {
            "etag": "W/\"1fbd8752255dfe8044df6f20a74e6ee8\"",
            "id": "2826122:verify-terraform",
            "permission": "push",
            "repository": "verify-terraform",
            "team_id": "2826122"
          },
          "depends_on": [
            "data.github_team.push_teams",
            "github_repository.repo"
          ]
        },
        {
          "index_key": 1,
          "schema_version": 0,
          "attributes": {
            "etag": "W/\"1fbd8752255dfe8044df6f20a74e6ee8\"",
            "id": "2826127:verify-terraform",
            "permission": "push",
            "repository": "verify-terraform",
            "team_id": "2826127"
          },
          "depends_on": [
            "data.github_team.push_teams",
            "github_repository.repo"
          ]
        }
      ]
    },
    {
      "module": "module.repo_passport_verify_stub_relying_party",
      "mode": "managed",
      "type": "github_team_repository",
      "name": "repo_team_push",
      "each": "list",
      "provider": "provider.github",
      "instances": [
        {
          "index_key": 0,
          "schema_version": 0,
          "attributes": {
            "etag": "W/\"41aeb1e0130e32e0829d4399ef3732ba\"",
            "id": "2826122:passport-verify-stub-relying-party",
            "permission": "push",
            "repository": "passport-verify-stub-relying-party",
            "team_id": "2826122"
          },
          "depends_on": [
            "data.github_team.push_teams",
            "github_repository.repo"
          ]
        }
      ]
    },
    {
      "module": "module.repo_verify_data_pipeline",
      "mode": "managed",
      "type": "github_team_repository",
      "name": "repo_team_push",
      "each": "list",
      "provider": "provider.github",
      "instances": [
        {
          "index_key": 0,
          "schema_version": 0,
          "attributes": {
            "etag": "W/\"645487e6cf80c19ff9a2d1f4a09fc2eb\"",
            "id": "2826122:verify-data-pipeline",
            "permission": "push",
            "repository": "verify-data-pipeline",
            "team_id": "2826122"
          },
          "depends_on": [
            "data.github_team.push_teams",
            "github_repository.repo"
          ]
        }
      ]
    },
    {
      "module": "module.repo_verify_performance",
      "mode": "managed",
      "type": "github_team_repository",
      "name": "repo_team_push",
      "each": "list",
      "provider": "provider.github",
      "instances": [
        {
          "index_key": 0,
          "schema_version": 0,
          "attributes": {
            "etag": "W/\"9c3582adf388b2c35fea262a1259a722\"",
            "id": "2826122:verify-performance",
            "permission": "push",
            "repository": "verify-performance",
            "team_id": "2826122"
          },
          "depends_on": [
            "data.github_team.push_teams",
            "github_repository.repo"
          ]
        }
      ]
    },
    {
      "module": "module.repo_verify_event_emitter_loader",
      "mode": "managed",
      "type": "github_team_repository",
      "name": "repo_team_push",
      "each": "list",
      "provider": "provider.github",
      "instances": [
        {
          "index_key": 0,
          "schema_version": 0,
          "attributes": {
            "etag": "W/\"c33e01007b48c605e11774ee6dfa0bca\"",
            "id": "2826122:verify-event-emitter-loader",
            "permission": "push",
            "repository": "verify-event-emitter-loader",
            "team_id": "2826122"
          },
          "depends_on": [
            "data.github_team.push_teams",
            "github_repository.repo"
          ]
        }
      ]
    },
    {
      "module": "module.repo_verify_architecture",
      "mode": "managed",
      "type": "github_team_repository",
      "name": "repo_team_push",
      "each": "list",
      "provider": "provider.github",
      "instances": [
        {
          "index_key": 0,
          "schema_version": 0,
          "attributes": {
            "etag": "W/\"a9bb6fe4db53d64ec5b508a751f40ac9\"",
            "id": "2826122:verify-architecture",
            "permission": "push",
            "repository": "verify-architecture",
            "team_id": "2826122"
          },
          "depends_on": [
            "data.github_team.push_teams",
            "github_repository.repo"
          ]
        }
      ]
    },
    {
      "module": "module.repo_verify_infrastructure",
      "mode": "managed",
      "type": "github_team_repository",
      "name": "repo_team_push",
      "each": "list",
      "provider": "provider.github",
      "instances": [
        {
          "index_key": 0,
          "schema_version": 0,
          "attributes": {
            "etag": "W/\"235d0f8890343b2eeb61e8ebee387d8a\"",
            "id": "2826122:verify-infrastructure",
            "permission": "push",
            "repository": "verify-infrastructure",
            "team_id": "2826122"
          },
          "depends_on": [
            "data.github_team.push_teams",
            "github_repository.repo"
          ]
        },
        {
          "index_key": 1,
          "schema_version": 0,
          "attributes": {
            "etag": "W/\"235d0f8890343b2eeb61e8ebee387d8a\"",
            "id": "2826127:verify-infrastructure",
            "permission": "push",
            "repository": "verify-infrastructure",
            "team_id": "2826127"
          },
          "depends_on": [
            "data.github_team.push_teams",
            "github_repository.repo"
          ]
        }
      ]
    },
    {
      "module": "module.repo_ida_hub_acceptance_tests",
      "mode": "managed",
      "type": "github_team_repository",
      "name": "repo_team_push",
      "each": "list",
      "provider": "provider.github",
      "instances": [
        {
          "index_key": 0,
          "schema_version": 0,
          "attributes": {
            "etag": "W/\"e5793e73f48d3c63452a1252145ea484\"",
            "id": "2826122:ida-hub-acceptance-tests",
            "permission": "push",
            "repository": "ida-hub-acceptance-tests",
            "team_id": "2826122"
          },
          "depends_on": [
            "data.github_team.teams",
            "github_repository.repo"
          ]
        }
      ]
    },
    {
      "module": "module.repo_verify_saml_libs",
      "mode": "managed",
      "type": "github_team_repository",
      "name": "repo_team_push",
      "each": "list",
      "provider": "provider.github",
      "instances": [
        {
          "index_key": 0,
          "schema_version": 0,
          "attributes": {
            "etag": "W/\"77b610d31f33e523975004c482a0a738\"",
            "id": "2826122:verify-saml-libs",
            "permission": "push",
            "repository": "verify-saml-libs",
            "team_id": "2826122"
          },
          "depends_on": [
            "data.github_team.teams",
            "github_repository.repo"
          ]
        }
      ]
    },
    {
      "module": "module.repo_verify_rp_environment_config_form",
      "mode": "managed",
      "type": "github_team_repository",
      "name": "repo_team_push",
      "each": "list",
      "provider": "provider.github",
      "instances": [
        {
          "index_key": 0,
          "schema_version": 0,
          "attributes": {
            "etag": "W/\"b37655527386e064fa26a9ddca614541\"",
            "id": "2826122:verify-rp-environment-config-form",
            "permission": "push",
            "repository": "verify-rp-environment-config-form",
            "team_id": "2826122"
          },
          "depends_on": [
            "data.github_team.push_teams",
            "github_repository.repo"
          ]
        }
      ]
    },
    {
      "module": "module.repo_verify_stub_idp_federation_config",
      "mode": "managed",
      "type": "github_team_repository",
      "name": "repo_team_push",
      "each": "list",
      "provider": "provider.github",
      "instances": [
        {
          "index_key": 0,
          "schema_version": 0,
          "attributes": {
            "etag": "W/\"bc56b08132c86e0b89f939c0e130d2af\"",
            "id": "2826122:verify-stub-idp-federation-config",
            "permission": "push",
            "repository": "verify-stub-idp-federation-config",
            "team_id": "2826122"
          },
          "depends_on": [
            "data.github_team.teams",
            "github_repository.repo"
          ]
        }
      ]
    },
    {
      "module": "module.repo_verify_proxy_node",
      "mode": "managed",
      "type": "github_team_repository",
      "name": "repo_team_push",
      "each": "list",
      "provider": "provider.github",
      "instances": [
        {
          "index_key": 0,
          "schema_version": 0,
          "attributes": {
            "etag": "W/\"fb82b29b63ed6a62a8111dfaf908261f\"",
            "id": "2826126:verify-proxy-node",
            "permission": "push",
            "repository": "verify-proxy-node",
            "team_id": "2826126"
          },
          "depends_on": [
            "data.github_team.push_teams",
            "github_repository.repo"
          ]
        }
      ]
    },
    {
      "module": "module.repo_verify_proxy_node_infra",
      "mode": "managed",
      "type": "github_team_repository",
      "name": "repo_team_push",
      "each": "list",
      "provider": "provider.github",
      "instances": [
        {
          "index_key": 0,
          "schema_version": 0,
          "attributes": {
            "etag": "W/\"2109547cd20837f3f44fa456be57eb55\"",
            "id": "2826126:verify-proxy-node-infra",
            "permission": "push",
            "repository": "verify-proxy-node-infra",
            "team_id": "2826126"
          },
          "depends_on": [
            "data.github_team.push_teams",
            "github_repository.repo"
          ]
        },
        {
          "index_key": 1,
          "schema_version": 0,
          "attributes": {
            "etag": "W/\"2109547cd20837f3f44fa456be57eb55\"",
            "id": "2826127:verify-proxy-node-infra",
            "permission": "push",
            "repository": "verify-proxy-node-infra",
            "team_id": "2826127"
          },
          "depends_on": [
            "data.github_team.push_teams",
            "github_repository.repo"
          ]
        }
      ]
    },
    {
      "module": "module.repo_verify_test_rp",
      "mode": "managed",
      "type": "github_team_repository",
      "name": "repo_team_push",
      "each": "list",
      "provider": "provider.github",
      "instances": [
        {
          "index_key": 0,
          "schema_version": 0,
          "attributes": {
            "etag": "W/\"fb6f72b8c635d69b47cb95377e31ef8c\"",
            "id": "2826122:verify-test-rp",
            "permission": "push",
            "repository": "verify-test-rp",
            "team_id": "2826122"
          },
          "depends_on": [
            "data.github_team.teams",
            "github_repository.repo"
          ]
        }
      ]
    },
    {
      "module": "module.repo_verify_ansible",
      "mode": "managed",
      "type": "github_team_repository",
      "name": "repo_team_push",
      "each": "list",
      "provider": "provider.github",
      "instances": [
        {
          "index_key": 0,
          "schema_version": 0,
          "attributes": {
            "etag": "W/\"c40877e3e2577a464f4ab2690784c7a7\"",
            "id": "2826122:verify-ansible",
            "permission": "push",
            "repository": "verify-ansible",
            "team_id": "2826122"
          },
          "depends_on": [
            "data.github_team.push_teams",
            "github_repository.repo"
          ]
        },
        {
          "index_key": 1,
          "schema_version": 0,
          "attributes": {
            "etag": "W/\"c40877e3e2577a464f4ab2690784c7a7\"",
            "id": "2826127:verify-ansible",
            "permission": "push",
            "repository": "verify-ansible",
            "team_id": "2826127"
          },
          "depends_on": [
            "data.github_team.push_teams",
            "github_repository.repo"
          ]
        }
      ]
    }
  ]
}
