{
  "version": 4,
  "terraform_version": "0.12.2",
  "serial": 203,
  "lineage": "7069a474-17af-c033-8243-ba2e55487134",
  "outputs": {},
  "resources": [
    {
      "module": "module.user_rosa_fox",
      "mode": "data",
      "type": "github_team",
      "name": "approvers_team",
      "provider": "provider.github",
      "instances": [
        {
          "schema_version": 0,
          "attributes": {
            "description": "Verify tech team: verify-tech-team-approvers",
            "id": "3101758",
            "members": [
              "idrop",
              "46bit",
              "galund",
              "issyl0",
              "mrwilson",
              "philandstuff",
              "chrisholmes",
              "Krenair",
              "thomasalanlee",
              "mmhmm",
              "tlwr",
              "kerrr",
              "robinmitra",
              "brenetic",
              "CharlesIC",
              "sakisv",
              "ronocg",
              "Rosa-Fox",
              "chrisclayson",
              "smford",
              "blairboy362",
              "Wynndow",
              "andy-paine",
              "tomrosier",
              "bjgill",
              "bravegrape",
              "jstandring-gds",
              "mhussein-gds",
              "adityapahuja",
              "rhowe-gds"
            ],
            "name": "verify-tech-team-approvers",
            "permission": "pull",
            "privacy": "closed",
            "slug": "verify-tech-team-approvers"
          }
        }
      ]
    },
    {
      "module": "module.user_szd55gds",
      "mode": "data",
      "type": "github_team",
      "name": "approvers_team",
      "provider": "provider.github",
      "instances": [
        {
          "schema_version": 0,
          "attributes": {
            "description": "Verify tech team: verify-tech-team-approvers",
            "id": "3101758",
            "members": [
              "idrop",
              "46bit",
              "galund",
              "issyl0",
              "mrwilson",
              "philandstuff",
              "chrisholmes",
              "Krenair",
              "thomasalanlee",
              "mmhmm",
              "tlwr",
              "kerrr",
              "robinmitra",
              "brenetic",
              "CharlesIC",
              "sakisv",
              "ronocg",
              "Rosa-Fox",
              "chrisclayson",
              "smford",
              "blairboy362",
              "Wynndow",
              "andy-paine",
              "tomrosier",
              "bjgill",
              "bravegrape",
              "jstandring-gds",
              "mhussein-gds",
              "adityapahuja",
              "rhowe-gds"
            ],
            "name": "verify-tech-team-approvers",
            "permission": "pull",
            "privacy": "closed",
            "slug": "verify-tech-team-approvers"
          }
        }
      ]
    },
    {
      "module": "module.user_nacnudus",
      "mode": "data",
      "type": "github_team",
      "name": "approvers_team",
      "provider": "provider.github",
      "instances": [
        {
          "schema_version": 0,
          "attributes": {
            "description": "Verify tech team: verify-tech-team-approvers",
            "id": "3101758",
            "members": [
              "idrop",
              "46bit",
              "galund",
              "issyl0",
              "mrwilson",
              "philandstuff",
              "chrisholmes",
              "Krenair",
              "thomasalanlee",
              "mmhmm",
              "tlwr",
              "kerrr",
              "robinmitra",
              "brenetic",
              "CharlesIC",
              "sakisv",
              "ronocg",
              "Rosa-Fox",
              "chrisclayson",
              "smford",
              "blairboy362",
              "Wynndow",
              "andy-paine",
              "tomrosier",
              "bjgill",
              "bravegrape",
              "jstandring-gds",
              "mhussein-gds",
              "adityapahuja",
              "rhowe-gds"
            ],
            "name": "verify-tech-team-approvers",
            "permission": "pull",
            "privacy": "closed",
            "slug": "verify-tech-team-approvers"
          }
        }
      ]
    },
    {
      "module": "module.user_charlesic",
      "mode": "data",
      "type": "github_team",
      "name": "approvers_team",
      "provider": "provider.github",
      "instances": [
        {
          "schema_version": 0,
          "attributes": {
            "description": "Verify tech team: verify-tech-team-approvers",
            "id": "3101758",
            "members": [
              "idrop",
              "46bit",
              "galund",
              "issyl0",
              "mrwilson",
              "philandstuff",
              "chrisholmes",
              "Krenair",
              "thomasalanlee",
              "mmhmm",
              "tlwr",
              "kerrr",
              "robinmitra",
              "brenetic",
              "CharlesIC",
              "sakisv",
              "ronocg",
              "Rosa-Fox",
              "chrisclayson",
              "smford",
              "blairboy362",
              "Wynndow",
              "andy-paine",
              "tomrosier",
              "bjgill",
              "bravegrape",
              "jstandring-gds",
              "mhussein-gds",
              "adityapahuja",
              "rhowe-gds"
            ],
            "name": "verify-tech-team-approvers",
            "permission": "pull",
            "privacy": "closed",
            "slug": "verify-tech-team-approvers"
          }
        }
      ]
    },
    {
      "module": "module.user_todai88",
      "mode": "data",
      "type": "github_team",
      "name": "approvers_team",
      "provider": "provider.github",
      "instances": [
        {
          "schema_version": 0,
          "attributes": {
            "description": "Verify tech team: verify-tech-team-approvers",
            "id": "3101758",
            "members": [
              "idrop",
              "46bit",
              "galund",
              "issyl0",
              "mrwilson",
              "philandstuff",
              "chrisholmes",
              "Krenair",
              "thomasalanlee",
              "mmhmm",
              "tlwr",
              "kerrr",
              "robinmitra",
              "brenetic",
              "CharlesIC",
              "sakisv",
              "ronocg",
              "Rosa-Fox",
              "chrisclayson",
              "smford",
              "blairboy362",
              "Wynndow",
              "andy-paine",
              "tomrosier",
              "bjgill",
              "bravegrape",
              "jstandring-gds",
              "mhussein-gds",
              "adityapahuja",
              "rhowe-gds"
            ],
            "name": "verify-tech-team-approvers",
            "permission": "pull",
            "privacy": "closed",
            "slug": "verify-tech-team-approvers"
          }
        }
      ]
    },
    {
      "module": "module.user_alan_gds",
      "mode": "data",
      "type": "github_team",
      "name": "approvers_team",
      "provider": "provider.github",
      "instances": [
        {
          "schema_version": 0,
          "attributes": {
            "description": "Verify tech team: verify-tech-team-approvers",
            "id": "3101758",
            "members": [
              "idrop",
              "46bit",
              "galund",
              "issyl0",
              "mrwilson",
              "philandstuff",
              "chrisholmes",
              "Krenair",
              "thomasalanlee",
              "mmhmm",
              "tlwr",
              "kerrr",
              "robinmitra",
              "brenetic",
              "CharlesIC",
              "sakisv",
              "ronocg",
              "Rosa-Fox",
              "chrisclayson",
              "smford",
              "blairboy362",
              "Wynndow",
              "andy-paine",
              "tomrosier",
              "bjgill",
              "bravegrape",
              "jstandring-gds",
              "mhussein-gds",
              "adityapahuja",
              "rhowe-gds"
            ],
            "name": "verify-tech-team-approvers",
            "permission": "pull",
            "privacy": "closed",
            "slug": "verify-tech-team-approvers"
          }
        }
      ]
    },
    {
      "module": "module.user_robinmitra",
      "mode": "data",
      "type": "github_team",
      "name": "approvers_team",
      "provider": "provider.github",
      "instances": [
        {
          "schema_version": 0,
          "attributes": {
            "description": "Verify tech team: verify-tech-team-approvers",
            "id": "3101758",
            "members": [
              "idrop",
              "46bit",
              "galund",
              "issyl0",
              "mrwilson",
              "philandstuff",
              "chrisholmes",
              "Krenair",
              "thomasalanlee",
              "mmhmm",
              "tlwr",
              "kerrr",
              "robinmitra",
              "brenetic",
              "CharlesIC",
              "sakisv",
              "ronocg",
              "Rosa-Fox",
              "chrisclayson",
              "smford",
              "blairboy362",
              "Wynndow",
              "andy-paine",
              "tomrosier",
              "bjgill",
              "bravegrape",
              "jstandring-gds",
              "mhussein-gds",
              "adityapahuja",
              "rhowe-gds"
            ],
            "name": "verify-tech-team-approvers",
            "permission": "pull",
            "privacy": "closed",
            "slug": "verify-tech-team-approvers"
          }
        }
      ]
    },
    {
      "module": "module.user_mrwilson",
      "mode": "data",
      "type": "github_team",
      "name": "approvers_team",
      "provider": "provider.github",
      "instances": [
        {
          "schema_version": 0,
          "attributes": {
            "description": "Verify tech team: verify-tech-team-approvers",
            "id": "3101758",
            "members": [
              "idrop",
              "46bit",
              "galund",
              "issyl0",
              "mrwilson",
              "philandstuff",
              "chrisholmes",
              "Krenair",
              "thomasalanlee",
              "mmhmm",
              "tlwr",
              "kerrr",
              "robinmitra",
              "brenetic",
              "CharlesIC",
              "sakisv",
              "ronocg",
              "Rosa-Fox",
              "chrisclayson",
              "smford",
              "blairboy362",
              "Wynndow",
              "andy-paine",
              "tomrosier",
              "bjgill",
              "bravegrape",
              "jstandring-gds",
              "mhussein-gds",
              "adityapahuja",
              "rhowe-gds"
            ],
            "name": "verify-tech-team-approvers",
            "permission": "pull",
            "privacy": "closed",
            "slug": "verify-tech-team-approvers"
          }
        }
      ]
    },
    {
      "module": "module.user_amritsidhu",
      "mode": "data",
      "type": "github_team",
      "name": "approvers_team",
      "provider": "provider.github",
      "instances": [
        {
          "schema_version": 0,
          "attributes": {
            "description": "Verify tech team: verify-tech-team-approvers",
            "id": "3101758",
            "members": [
              "idrop",
              "46bit",
              "galund",
              "issyl0",
              "mrwilson",
              "philandstuff",
              "chrisholmes",
              "Krenair",
              "thomasalanlee",
              "mmhmm",
              "tlwr",
              "kerrr",
              "robinmitra",
              "brenetic",
              "CharlesIC",
              "sakisv",
              "ronocg",
              "Rosa-Fox",
              "chrisclayson",
              "smford",
              "blairboy362",
              "Wynndow",
              "andy-paine",
              "tomrosier",
              "bjgill",
              "bravegrape",
              "jstandring-gds",
              "mhussein-gds",
              "adityapahuja",
              "rhowe-gds"
            ],
            "name": "verify-tech-team-approvers",
            "permission": "pull",
            "privacy": "closed",
            "slug": "verify-tech-team-approvers"
          }
        }
      ]
    },
    {
      "module": "module.user_michaelabenyohai",
      "mode": "data",
      "type": "github_team",
      "name": "approvers_team",
      "provider": "provider.github",
      "instances": [
        {
          "schema_version": 0,
          "attributes": {
            "description": "Verify tech team: verify-tech-team-approvers",
            "id": "3101758",
            "members": [
              "idrop",
              "46bit",
              "galund",
              "issyl0",
              "mrwilson",
              "philandstuff",
              "chrisholmes",
              "Krenair",
              "thomasalanlee",
              "mmhmm",
              "tlwr",
              "kerrr",
              "robinmitra",
              "brenetic",
              "CharlesIC",
              "sakisv",
              "ronocg",
              "Rosa-Fox",
              "chrisclayson",
              "smford",
              "blairboy362",
              "Wynndow",
              "andy-paine",
              "tomrosier",
              "bjgill",
              "bravegrape",
              "jstandring-gds",
              "mhussein-gds",
              "adityapahuja",
              "rhowe-gds"
            ],
            "name": "verify-tech-team-approvers",
            "permission": "pull",
            "privacy": "closed",
            "slug": "verify-tech-team-approvers"
          }
        }
      ]
    },
    {
      "module": "module.user_issyl0",
      "mode": "data",
      "type": "github_team",
      "name": "approvers_team",
      "provider": "provider.github",
      "instances": [
        {
          "schema_version": 0,
          "attributes": {
            "description": "Verify tech team: verify-tech-team-approvers",
            "id": "3101758",
            "members": [
              "idrop",
              "46bit",
              "galund",
              "issyl0",
              "mrwilson",
              "philandstuff",
              "chrisholmes",
              "Krenair",
              "thomasalanlee",
              "mmhmm",
              "tlwr",
              "kerrr",
              "robinmitra",
              "brenetic",
              "CharlesIC",
              "sakisv",
              "ronocg",
              "Rosa-Fox",
              "chrisclayson",
              "smford",
              "blairboy362",
              "Wynndow",
              "andy-paine",
              "tomrosier",
              "bjgill",
              "bravegrape",
              "jstandring-gds",
              "mhussein-gds",
              "adityapahuja",
              "rhowe-gds"
            ],
            "name": "verify-tech-team-approvers",
            "permission": "pull",
            "privacy": "closed",
            "slug": "verify-tech-team-approvers"
          }
        }
      ]
    },
    {
      "module": "module.user_brenetic",
      "mode": "data",
      "type": "github_team",
      "name": "approvers_team",
      "provider": "provider.github",
      "instances": [
        {
          "schema_version": 0,
          "attributes": {
            "description": "Verify tech team: verify-tech-team-approvers",
            "id": "3101758",
            "members": [
              "idrop",
              "46bit",
              "galund",
              "issyl0",
              "mrwilson",
              "philandstuff",
              "chrisholmes",
              "Krenair",
              "thomasalanlee",
              "mmhmm",
              "tlwr",
              "kerrr",
              "robinmitra",
              "brenetic",
              "CharlesIC",
              "sakisv",
              "ronocg",
              "Rosa-Fox",
              "chrisclayson",
              "smford",
              "blairboy362",
              "Wynndow",
              "andy-paine",
              "tomrosier",
              "bjgill",
              "bravegrape",
              "jstandring-gds",
              "mhussein-gds",
              "adityapahuja",
              "rhowe-gds"
            ],
            "name": "verify-tech-team-approvers",
            "permission": "pull",
            "privacy": "closed",
            "slug": "verify-tech-team-approvers"
          }
        }
      ]
    },
    {
      "module": "module.user_johnwattsgds",
      "mode": "data",
      "type": "github_team",
      "name": "approvers_team",
      "provider": "provider.github",
      "instances": [
        {
          "schema_version": 0,
          "attributes": {
            "description": "Verify tech team: verify-tech-team-approvers",
            "id": "3101758",
            "members": [
              "idrop",
              "46bit",
              "galund",
              "issyl0",
              "mrwilson",
              "philandstuff",
              "chrisholmes",
              "Krenair",
              "thomasalanlee",
              "mmhmm",
              "tlwr",
              "kerrr",
              "robinmitra",
              "brenetic",
              "CharlesIC",
              "sakisv",
              "ronocg",
              "Rosa-Fox",
              "chrisclayson",
              "smford",
              "blairboy362",
              "Wynndow",
              "andy-paine",
              "tomrosier",
              "bjgill",
              "bravegrape",
              "jstandring-gds",
              "mhussein-gds",
              "adityapahuja",
              "rhowe-gds"
            ],
            "name": "verify-tech-team-approvers",
            "permission": "pull",
            "privacy": "closed",
            "slug": "verify-tech-team-approvers"
          }
        }
      ]
    },
    {
      "module": "module.user_dbes_gds",
      "mode": "data",
      "type": "github_team",
      "name": "approvers_team",
      "provider": "provider.github",
      "instances": [
        {
          "schema_version": 0,
          "attributes": {
            "description": "Verify tech team: verify-tech-team-approvers",
            "id": "3101758",
            "members": [
              "idrop",
              "46bit",
              "galund",
              "issyl0",
              "mrwilson",
              "philandstuff",
              "chrisholmes",
              "Krenair",
              "thomasalanlee",
              "mmhmm",
              "tlwr",
              "kerrr",
              "robinmitra",
              "brenetic",
              "CharlesIC",
              "sakisv",
              "ronocg",
              "Rosa-Fox",
              "chrisclayson",
              "smford",
              "blairboy362",
              "Wynndow",
              "andy-paine",
              "tomrosier",
              "bjgill",
              "bravegrape",
              "jstandring-gds",
              "mhussein-gds",
              "adityapahuja",
              "rhowe-gds"
            ],
            "name": "verify-tech-team-approvers",
            "permission": "pull",
            "privacy": "closed",
            "slug": "verify-tech-team-approvers"
          }
        }
      ]
    },
    {
      "module": "module.user_instantiator",
      "mode": "data",
      "type": "github_team",
      "name": "approvers_team",
      "provider": "provider.github",
      "instances": [
        {
          "schema_version": 0,
          "attributes": {
            "description": "Verify tech team: verify-tech-team-approvers",
            "id": "3101758",
            "members": [
              "idrop",
              "46bit",
              "galund",
              "issyl0",
              "mrwilson",
              "philandstuff",
              "chrisholmes",
              "Krenair",
              "thomasalanlee",
              "mmhmm",
              "tlwr",
              "kerrr",
              "robinmitra",
              "brenetic",
              "CharlesIC",
              "sakisv",
              "ronocg",
              "Rosa-Fox",
              "chrisclayson",
              "smford",
              "blairboy362",
              "Wynndow",
              "andy-paine",
              "tomrosier",
              "bjgill",
              "bravegrape",
              "jstandring-gds",
              "mhussein-gds",
              "adityapahuja",
              "rhowe-gds"
            ],
            "name": "verify-tech-team-approvers",
            "permission": "pull",
            "privacy": "closed",
            "slug": "verify-tech-team-approvers"
          }
        }
      ]
    },
    {
      "module": "module.user_philandstuff",
      "mode": "data",
      "type": "github_team",
      "name": "approvers_team",
      "provider": "provider.github",
      "instances": [
        {
          "schema_version": 0,
          "attributes": {
            "description": "Verify tech team: verify-tech-team-approvers",
            "id": "3101758",
            "members": [
              "idrop",
              "46bit",
              "galund",
              "issyl0",
              "mrwilson",
              "philandstuff",
              "chrisholmes",
              "Krenair",
              "thomasalanlee",
              "mmhmm",
              "tlwr",
              "kerrr",
              "robinmitra",
              "brenetic",
              "CharlesIC",
              "sakisv",
              "ronocg",
              "Rosa-Fox",
              "chrisclayson",
              "smford",
              "blairboy362",
              "Wynndow",
              "andy-paine",
              "tomrosier",
              "bjgill",
              "bravegrape",
              "jstandring-gds",
              "mhussein-gds",
              "adityapahuja",
              "rhowe-gds"
            ],
            "name": "verify-tech-team-approvers",
            "permission": "pull",
            "privacy": "closed",
            "slug": "verify-tech-team-approvers"
          }
        }
      ]
    },
    {
      "module": "module.user_idrop",
      "mode": "data",
      "type": "github_team",
      "name": "approvers_team",
      "provider": "provider.github",
      "instances": [
        {
          "schema_version": 0,
          "attributes": {
            "description": "Verify tech team: verify-tech-team-approvers",
            "id": "3101758",
            "members": [
              "idrop",
              "46bit",
              "galund",
              "issyl0",
              "mrwilson",
              "philandstuff",
              "chrisholmes",
              "Krenair",
              "thomasalanlee",
              "mmhmm",
              "tlwr",
              "kerrr",
              "robinmitra",
              "brenetic",
              "CharlesIC",
              "sakisv",
              "ronocg",
              "Rosa-Fox",
              "chrisclayson",
              "smford",
              "blairboy362",
              "Wynndow",
              "andy-paine",
              "tomrosier",
              "bjgill",
              "bravegrape",
              "jstandring-gds",
              "mhussein-gds",
              "adityapahuja",
              "rhowe-gds"
            ],
            "name": "verify-tech-team-approvers",
            "permission": "pull",
            "privacy": "closed",
            "slug": "verify-tech-team-approvers"
          }
        }
      ]
    },
    {
      "module": "module.user_thomasalanlee",
      "mode": "data",
      "type": "github_team",
      "name": "approvers_team",
      "provider": "provider.github",
      "instances": [
        {
          "schema_version": 0,
          "attributes": {
            "description": "Verify tech team: verify-tech-team-approvers",
            "id": "3101758",
            "members": [
              "idrop",
              "46bit",
              "galund",
              "issyl0",
              "mrwilson",
              "philandstuff",
              "chrisholmes",
              "Krenair",
              "thomasalanlee",
              "mmhmm",
              "tlwr",
              "kerrr",
              "robinmitra",
              "brenetic",
              "CharlesIC",
              "sakisv",
              "ronocg",
              "Rosa-Fox",
              "chrisclayson",
              "smford",
              "blairboy362",
              "Wynndow",
              "andy-paine",
              "tomrosier",
              "bjgill",
              "bravegrape",
              "jstandring-gds",
              "mhussein-gds",
              "adityapahuja",
              "rhowe-gds"
            ],
            "name": "verify-tech-team-approvers",
            "permission": "pull",
            "privacy": "closed",
            "slug": "verify-tech-team-approvers"
          }
        }
      ]
    },
    {
      "module": "module.user_kerrr",
      "mode": "data",
      "type": "github_team",
      "name": "approvers_team",
      "provider": "provider.github",
      "instances": [
        {
          "schema_version": 0,
          "attributes": {
            "description": "Verify tech team: verify-tech-team-approvers",
            "id": "3101758",
            "members": [
              "idrop",
              "46bit",
              "galund",
              "issyl0",
              "mrwilson",
              "philandstuff",
              "chrisholmes",
              "Krenair",
              "thomasalanlee",
              "mmhmm",
              "tlwr",
              "kerrr",
              "robinmitra",
              "brenetic",
              "CharlesIC",
              "sakisv",
              "ronocg",
              "Rosa-Fox",
              "chrisclayson",
              "smford",
              "blairboy362",
              "Wynndow",
              "andy-paine",
              "tomrosier",
              "bjgill",
              "bravegrape",
              "jstandring-gds",
              "mhussein-gds",
              "adityapahuja",
              "rhowe-gds"
            ],
            "name": "verify-tech-team-approvers",
            "permission": "pull",
            "privacy": "closed",
            "slug": "verify-tech-team-approvers"
          }
        }
      ]
    },
    {
      "module": "module.user_zilnhoj",
      "mode": "data",
      "type": "github_team",
      "name": "approvers_team",
      "provider": "provider.github",
      "instances": [
        {
          "schema_version": 0,
          "attributes": {
            "description": "Verify tech team: verify-tech-team-approvers",
            "id": "3101758",
            "members": [
              "idrop",
              "46bit",
              "galund",
              "issyl0",
              "mrwilson",
              "philandstuff",
              "chrisholmes",
              "Krenair",
              "thomasalanlee",
              "mmhmm",
              "tlwr",
              "kerrr",
              "robinmitra",
              "brenetic",
              "CharlesIC",
              "sakisv",
              "ronocg",
              "Rosa-Fox",
              "chrisclayson",
              "smford",
              "blairboy362",
              "Wynndow",
              "andy-paine",
              "tomrosier",
              "bjgill",
              "bravegrape",
              "jstandring-gds",
              "mhussein-gds",
              "adityapahuja",
              "rhowe-gds"
            ],
            "name": "verify-tech-team-approvers",
            "permission": "pull",
            "privacy": "closed",
            "slug": "verify-tech-team-approvers"
          }
        }
      ]
    },
    {
      "module": "module.user_annecarr",
      "mode": "data",
      "type": "github_team",
      "name": "approvers_team",
      "provider": "provider.github",
      "instances": [
        {
          "schema_version": 0,
          "attributes": {
            "description": "Verify tech team: verify-tech-team-approvers",
            "id": "3101758",
            "members": [
              "idrop",
              "46bit",
              "galund",
              "issyl0",
              "mrwilson",
              "philandstuff",
              "chrisholmes",
              "Krenair",
              "thomasalanlee",
              "mmhmm",
              "tlwr",
              "kerrr",
              "robinmitra",
              "brenetic",
              "CharlesIC",
              "sakisv",
              "ronocg",
              "Rosa-Fox",
              "chrisclayson",
              "smford",
              "blairboy362",
              "Wynndow",
              "andy-paine",
              "tomrosier",
              "bjgill",
              "bravegrape",
              "jstandring-gds",
              "mhussein-gds",
              "adityapahuja",
              "rhowe-gds"
            ],
            "name": "verify-tech-team-approvers",
            "permission": "pull",
            "privacy": "closed",
            "slug": "verify-tech-team-approvers"
          }
        }
      ]
    },
    {
      "module": "module.user_j_maynard",
      "mode": "data",
      "type": "github_team",
      "name": "approvers_team",
      "provider": "provider.github",
      "instances": [
        {
          "schema_version": 0,
          "attributes": {
            "description": "Verify tech team: verify-tech-team-approvers",
            "id": "3101758",
            "members": [
              "idrop",
              "46bit",
              "galund",
              "issyl0",
              "mrwilson",
              "philandstuff",
              "chrisholmes",
              "Krenair",
              "thomasalanlee",
              "mmhmm",
              "tlwr",
              "kerrr",
              "robinmitra",
              "brenetic",
              "CharlesIC",
              "sakisv",
              "ronocg",
              "Rosa-Fox",
              "chrisclayson",
              "smford",
              "blairboy362",
              "Wynndow",
              "andy-paine",
              "tomrosier",
              "bjgill",
              "bravegrape",
              "jstandring-gds",
              "mhussein-gds",
              "adityapahuja",
              "rhowe-gds"
            ],
            "name": "verify-tech-team-approvers",
            "permission": "pull",
            "privacy": "closed",
            "slug": "verify-tech-team-approvers"
          }
        }
      ]
    },
    {
      "module": "module.user_mhussein_gds",
      "mode": "data",
      "type": "github_team",
      "name": "approvers_team",
      "provider": "provider.github",
      "instances": [
        {
          "schema_version": 0,
          "attributes": {
            "description": "Verify tech team: verify-tech-team-approvers",
            "id": "3101758",
            "members": [
              "idrop",
              "46bit",
              "galund",
              "issyl0",
              "mrwilson",
              "philandstuff",
              "chrisholmes",
              "Krenair",
              "thomasalanlee",
              "mmhmm",
              "tlwr",
              "kerrr",
              "robinmitra",
              "brenetic",
              "CharlesIC",
              "sakisv",
              "ronocg",
              "Rosa-Fox",
              "chrisclayson",
              "smford",
              "blairboy362",
              "Wynndow",
              "andy-paine",
              "tomrosier",
              "bjgill",
              "bravegrape",
              "jstandring-gds",
              "mhussein-gds",
              "adityapahuja",
              "rhowe-gds"
            ],
            "name": "verify-tech-team-approvers",
            "permission": "pull",
            "privacy": "closed",
            "slug": "verify-tech-team-approvers"
          }
        }
      ]
    },
    {
      "module": "module.user_jhjava",
      "mode": "data",
      "type": "github_team",
      "name": "approvers_team",
      "provider": "provider.github",
      "instances": [
        {
          "schema_version": 0,
          "attributes": {
            "description": "Verify tech team: verify-tech-team-approvers",
            "id": "3101758",
            "members": [
              "idrop",
              "46bit",
              "galund",
              "issyl0",
              "mrwilson",
              "philandstuff",
              "chrisholmes",
              "Krenair",
              "thomasalanlee",
              "mmhmm",
              "tlwr",
              "kerrr",
              "robinmitra",
              "brenetic",
              "CharlesIC",
              "sakisv",
              "ronocg",
              "Rosa-Fox",
              "chrisclayson",
              "smford",
              "blairboy362",
              "Wynndow",
              "andy-paine",
              "tomrosier",
              "bjgill",
              "bravegrape",
              "jstandring-gds",
              "mhussein-gds",
              "adityapahuja",
              "rhowe-gds"
            ],
            "name": "verify-tech-team-approvers",
            "permission": "pull",
            "privacy": "closed",
            "slug": "verify-tech-team-approvers"
          }
        }
      ]
    },
    {
      "module": "module.user_blairboy362",
      "mode": "data",
      "type": "github_team",
      "name": "approvers_team",
      "provider": "provider.github",
      "instances": [
        {
          "schema_version": 0,
          "attributes": {
            "description": "Verify tech team: verify-tech-team-approvers",
            "id": "3101758",
            "members": [
              "idrop",
              "46bit",
              "galund",
              "issyl0",
              "mrwilson",
              "philandstuff",
              "chrisholmes",
              "Krenair",
              "thomasalanlee",
              "mmhmm",
              "tlwr",
              "kerrr",
              "robinmitra",
              "brenetic",
              "CharlesIC",
              "sakisv",
              "ronocg",
              "Rosa-Fox",
              "chrisclayson",
              "smford",
              "blairboy362",
              "Wynndow",
              "andy-paine",
              "tomrosier",
              "bjgill",
              "bravegrape",
              "jstandring-gds",
              "mhussein-gds",
              "adityapahuja",
              "rhowe-gds"
            ],
            "name": "verify-tech-team-approvers",
            "permission": "pull",
            "privacy": "closed",
            "slug": "verify-tech-team-approvers"
          }
        }
      ]
    },
    {
      "module": "module.user_ida_build_bot",
      "mode": "data",
      "type": "github_team",
      "name": "approvers_team",
      "provider": "provider.github",
      "instances": [
        {
          "schema_version": 0,
          "attributes": {
            "description": "Verify tech team: verify-tech-team-approvers",
            "id": "3101758",
            "members": [
              "idrop",
              "46bit",
              "galund",
              "issyl0",
              "mrwilson",
              "philandstuff",
              "chrisholmes",
              "Krenair",
              "thomasalanlee",
              "mmhmm",
              "tlwr",
              "kerrr",
              "robinmitra",
              "brenetic",
              "CharlesIC",
              "sakisv",
              "ronocg",
              "Rosa-Fox",
              "chrisclayson",
              "smford",
              "blairboy362",
              "Wynndow",
              "andy-paine",
              "tomrosier",
              "bjgill",
              "bravegrape",
              "jstandring-gds",
              "mhussein-gds",
              "adityapahuja",
              "rhowe-gds"
            ],
            "name": "verify-tech-team-approvers",
            "permission": "pull",
            "privacy": "closed",
            "slug": "verify-tech-team-approvers"
          }
        }
      ]
    },
    {
      "module": "module.user_46bit",
      "mode": "data",
      "type": "github_team",
      "name": "approvers_team",
      "provider": "provider.github",
      "instances": [
        {
          "schema_version": 0,
          "attributes": {
            "description": "Verify tech team: verify-tech-team-approvers",
            "id": "3101758",
            "members": [
              "idrop",
              "46bit",
              "galund",
              "issyl0",
              "mrwilson",
              "philandstuff",
              "chrisholmes",
              "Krenair",
              "thomasalanlee",
              "mmhmm",
              "tlwr",
              "kerrr",
              "robinmitra",
              "brenetic",
              "CharlesIC",
              "sakisv",
              "ronocg",
              "Rosa-Fox",
              "chrisclayson",
              "smford",
              "blairboy362",
              "Wynndow",
              "andy-paine",
              "tomrosier",
              "bjgill",
              "bravegrape",
              "jstandring-gds",
              "mhussein-gds",
              "adityapahuja",
              "rhowe-gds"
            ],
            "name": "verify-tech-team-approvers",
            "permission": "pull",
            "privacy": "closed",
            "slug": "verify-tech-team-approvers"
          }
        }
      ]
    },
    {
      "module": "module.user_sarahdean",
      "mode": "data",
      "type": "github_team",
      "name": "approvers_team",
      "provider": "provider.github",
      "instances": [
        {
          "schema_version": 0,
          "attributes": {
            "description": "Verify tech team: verify-tech-team-approvers",
            "id": "3101758",
            "members": [
              "idrop",
              "46bit",
              "galund",
              "issyl0",
              "mrwilson",
              "philandstuff",
              "chrisholmes",
              "Krenair",
              "thomasalanlee",
              "mmhmm",
              "tlwr",
              "kerrr",
              "robinmitra",
              "brenetic",
              "CharlesIC",
              "sakisv",
              "ronocg",
              "Rosa-Fox",
              "chrisclayson",
              "smford",
              "blairboy362",
              "Wynndow",
              "andy-paine",
              "tomrosier",
              "bjgill",
              "bravegrape",
              "jstandring-gds",
              "mhussein-gds",
              "adityapahuja",
              "rhowe-gds"
            ],
            "name": "verify-tech-team-approvers",
            "permission": "pull",
            "privacy": "closed",
            "slug": "verify-tech-team-approvers"
          }
        }
      ]
    },
    {
      "module": "module.user_chris_wynne",
      "mode": "data",
      "type": "github_team",
      "name": "approvers_team",
      "provider": "provider.github",
      "instances": [
        {
          "schema_version": 0,
          "attributes": {
            "description": "Verify tech team: verify-tech-team-approvers",
            "id": "3101758",
            "members": [
              "idrop",
              "46bit",
              "galund",
              "issyl0",
              "mrwilson",
              "philandstuff",
              "chrisholmes",
              "Krenair",
              "thomasalanlee",
              "mmhmm",
              "tlwr",
              "kerrr",
              "robinmitra",
              "brenetic",
              "CharlesIC",
              "sakisv",
              "ronocg",
              "Rosa-Fox",
              "chrisclayson",
              "smford",
              "blairboy362",
              "Wynndow",
              "andy-paine",
              "tomrosier",
              "bjgill",
              "bravegrape",
              "jstandring-gds",
              "mhussein-gds",
              "adityapahuja",
              "rhowe-gds"
            ],
            "name": "verify-tech-team-approvers",
            "permission": "pull",
            "privacy": "closed",
            "slug": "verify-tech-team-approvers"
          }
        }
      ]
    },
    {
      "module": "module.user_ronocg",
      "mode": "data",
      "type": "github_team",
      "name": "approvers_team",
      "provider": "provider.github",
      "instances": [
        {
          "schema_version": 0,
          "attributes": {
            "description": "Verify tech team: verify-tech-team-approvers",
            "id": "3101758",
            "members": [
              "idrop",
              "46bit",
              "galund",
              "issyl0",
              "mrwilson",
              "philandstuff",
              "chrisholmes",
              "Krenair",
              "thomasalanlee",
              "mmhmm",
              "tlwr",
              "kerrr",
              "robinmitra",
              "brenetic",
              "CharlesIC",
              "sakisv",
              "ronocg",
              "Rosa-Fox",
              "chrisclayson",
              "smford",
              "blairboy362",
              "Wynndow",
              "andy-paine",
              "tomrosier",
              "bjgill",
              "bravegrape",
              "jstandring-gds",
              "mhussein-gds",
              "adityapahuja",
              "rhowe-gds"
            ],
            "name": "verify-tech-team-approvers",
            "permission": "pull",
            "privacy": "closed",
            "slug": "verify-tech-team-approvers"
          }
        }
      ]
    },
    {
      "module": "module.user_mmhmm",
      "mode": "data",
      "type": "github_team",
      "name": "approvers_team",
      "provider": "provider.github",
      "instances": [
        {
          "schema_version": 0,
          "attributes": {
            "description": "Verify tech team: verify-tech-team-approvers",
            "id": "3101758",
            "members": [
              "idrop",
              "46bit",
              "galund",
              "issyl0",
              "mrwilson",
              "philandstuff",
              "chrisholmes",
              "Krenair",
              "thomasalanlee",
              "mmhmm",
              "tlwr",
              "kerrr",
              "robinmitra",
              "brenetic",
              "CharlesIC",
              "sakisv",
              "ronocg",
              "Rosa-Fox",
              "chrisclayson",
              "smford",
              "blairboy362",
              "Wynndow",
              "andy-paine",
              "tomrosier",
              "bjgill",
              "bravegrape",
              "jstandring-gds",
              "mhussein-gds",
              "adityapahuja",
              "rhowe-gds"
            ],
            "name": "verify-tech-team-approvers",
            "permission": "pull",
            "privacy": "closed",
            "slug": "verify-tech-team-approvers"
          }
        }
      ]
    },
    {
      "module": "module.user_gdsnewt",
      "mode": "data",
      "type": "github_team",
      "name": "approvers_team",
      "provider": "provider.github",
      "instances": [
        {
          "schema_version": 0,
          "attributes": {
            "description": "Verify tech team: verify-tech-team-approvers",
            "id": "3101758",
            "members": [
              "idrop",
              "46bit",
              "galund",
              "issyl0",
              "mrwilson",
              "philandstuff",
              "chrisholmes",
              "Krenair",
              "thomasalanlee",
              "mmhmm",
              "tlwr",
              "kerrr",
              "robinmitra",
              "brenetic",
              "CharlesIC",
              "sakisv",
              "ronocg",
              "Rosa-Fox",
              "chrisclayson",
              "smford",
              "blairboy362",
              "Wynndow",
              "andy-paine",
              "tomrosier",
              "bjgill",
              "bravegrape",
              "jstandring-gds",
              "mhussein-gds",
              "adityapahuja",
              "rhowe-gds"
            ],
            "name": "verify-tech-team-approvers",
            "permission": "pull",
            "privacy": "closed",
            "slug": "verify-tech-team-approvers"
          }
        }
      ]
    },
    {
      "module": "module.user_jakubmiarka",
      "mode": "data",
      "type": "github_team",
      "name": "approvers_team",
      "provider": "provider.github",
      "instances": [
        {
          "schema_version": 0,
          "attributes": {
            "description": "Verify tech team: verify-tech-team-approvers",
            "id": "3101758",
            "members": [
              "idrop",
              "46bit",
              "galund",
              "issyl0",
              "mrwilson",
              "philandstuff",
              "chrisholmes",
              "Krenair",
              "thomasalanlee",
              "mmhmm",
              "tlwr",
              "kerrr",
              "robinmitra",
              "brenetic",
              "CharlesIC",
              "sakisv",
              "ronocg",
              "Rosa-Fox",
              "chrisclayson",
              "smford",
              "blairboy362",
              "Wynndow",
              "andy-paine",
              "tomrosier",
              "bjgill",
              "bravegrape",
              "jstandring-gds",
              "mhussein-gds",
              "adityapahuja",
              "rhowe-gds"
            ],
            "name": "verify-tech-team-approvers",
            "permission": "pull",
            "privacy": "closed",
            "slug": "verify-tech-team-approvers"
          }
        }
      ]
    },
    {
      "module": "module.user_rhowe_gds",
      "mode": "data",
      "type": "github_team",
      "name": "approvers_team",
      "provider": "provider.github",
      "instances": [
        {
          "schema_version": 0,
          "attributes": {
            "description": "Verify tech team: verify-tech-team-approvers",
            "id": "3101758",
            "members": [
              "idrop",
              "46bit",
              "galund",
              "issyl0",
              "mrwilson",
              "philandstuff",
              "chrisholmes",
              "Krenair",
              "thomasalanlee",
              "mmhmm",
              "tlwr",
              "kerrr",
              "robinmitra",
              "brenetic",
              "CharlesIC",
              "sakisv",
              "ronocg",
              "Rosa-Fox",
              "chrisclayson",
              "smford",
              "blairboy362",
              "Wynndow",
              "andy-paine",
              "tomrosier",
              "bjgill",
              "bravegrape",
              "jstandring-gds",
              "mhussein-gds",
              "adityapahuja",
              "rhowe-gds"
            ],
            "name": "verify-tech-team-approvers",
            "permission": "pull",
            "privacy": "closed",
            "slug": "verify-tech-team-approvers"
          }
        }
      ]
    },
    {
      "module": "module.user_coleni",
      "mode": "data",
      "type": "github_team",
      "name": "approvers_team",
      "provider": "provider.github",
      "instances": [
        {
          "schema_version": 0,
          "attributes": {
            "description": "Verify tech team: verify-tech-team-approvers",
            "id": "3101758",
            "members": [
              "idrop",
              "46bit",
              "galund",
              "issyl0",
              "mrwilson",
              "philandstuff",
              "chrisholmes",
              "Krenair",
              "thomasalanlee",
              "mmhmm",
              "tlwr",
              "kerrr",
              "robinmitra",
              "brenetic",
              "CharlesIC",
              "sakisv",
              "ronocg",
              "Rosa-Fox",
              "chrisclayson",
              "smford",
              "blairboy362",
              "Wynndow",
              "andy-paine",
              "tomrosier",
              "bjgill",
              "bravegrape",
              "jstandring-gds",
              "mhussein-gds",
              "adityapahuja",
              "rhowe-gds"
            ],
            "name": "verify-tech-team-approvers",
            "permission": "pull",
            "privacy": "closed",
            "slug": "verify-tech-team-approvers"
          }
        }
      ]
    },
    {
      "module": "module.user_tlwr",
      "mode": "data",
      "type": "github_team",
      "name": "approvers_team",
      "provider": "provider.github",
      "instances": [
        {
          "schema_version": 0,
          "attributes": {
            "description": "Verify tech team: verify-tech-team-approvers",
            "id": "3101758",
            "members": [
              "idrop",
              "46bit",
              "galund",
              "issyl0",
              "mrwilson",
              "philandstuff",
              "chrisholmes",
              "Krenair",
              "thomasalanlee",
              "mmhmm",
              "tlwr",
              "kerrr",
              "robinmitra",
              "brenetic",
              "CharlesIC",
              "sakisv",
              "ronocg",
              "Rosa-Fox",
              "chrisclayson",
              "smford",
              "blairboy362",
              "Wynndow",
              "andy-paine",
              "tomrosier",
              "bjgill",
              "bravegrape",
              "jstandring-gds",
              "mhussein-gds",
              "adityapahuja",
              "rhowe-gds"
            ],
            "name": "verify-tech-team-approvers",
            "permission": "pull",
            "privacy": "closed",
            "slug": "verify-tech-team-approvers"
          }
        }
      ]
    },
    {
      "module": "module.user_chrisholmes",
      "mode": "data",
      "type": "github_team",
      "name": "approvers_team",
      "provider": "provider.github",
      "instances": [
        {
          "schema_version": 0,
          "attributes": {
            "description": "Verify tech team: verify-tech-team-approvers",
            "id": "3101758",
            "members": [
              "idrop",
              "46bit",
              "galund",
              "issyl0",
              "mrwilson",
              "philandstuff",
              "chrisholmes",
              "Krenair",
              "thomasalanlee",
              "mmhmm",
              "tlwr",
              "kerrr",
              "robinmitra",
              "brenetic",
              "CharlesIC",
              "sakisv",
              "ronocg",
              "Rosa-Fox",
              "chrisclayson",
              "smford",
              "blairboy362",
              "Wynndow",
              "andy-paine",
              "tomrosier",
              "bjgill",
              "bravegrape",
              "jstandring-gds",
              "mhussein-gds",
              "adityapahuja",
              "rhowe-gds"
            ],
            "name": "verify-tech-team-approvers",
            "permission": "pull",
            "privacy": "closed",
            "slug": "verify-tech-team-approvers"
          }
        }
      ]
    },
    {
      "module": "module.user_andy_paine",
      "mode": "data",
      "type": "github_team",
      "name": "approvers_team",
      "provider": "provider.github",
      "instances": [
        {
          "schema_version": 0,
          "attributes": {
            "description": "Verify tech team: verify-tech-team-approvers",
            "id": "3101758",
            "members": [
              "idrop",
              "46bit",
              "galund",
              "issyl0",
              "mrwilson",
              "philandstuff",
              "chrisholmes",
              "Krenair",
              "thomasalanlee",
              "mmhmm",
              "tlwr",
              "kerrr",
              "robinmitra",
              "brenetic",
              "CharlesIC",
              "sakisv",
              "ronocg",
              "Rosa-Fox",
              "chrisclayson",
              "smford",
              "blairboy362",
              "Wynndow",
              "andy-paine",
              "tomrosier",
              "bjgill",
              "bravegrape",
              "jstandring-gds",
              "mhussein-gds",
              "adityapahuja",
              "rhowe-gds"
            ],
            "name": "verify-tech-team-approvers",
            "permission": "pull",
            "privacy": "closed",
            "slug": "verify-tech-team-approvers"
          }
        }
      ]
    },
    {
      "module": "module.user_bjgill",
      "mode": "data",
      "type": "github_team",
      "name": "approvers_team",
      "provider": "provider.github",
      "instances": [
        {
          "schema_version": 0,
          "attributes": {
            "description": "Verify tech team: verify-tech-team-approvers",
            "id": "3101758",
            "members": [
              "idrop",
              "46bit",
              "galund",
              "issyl0",
              "mrwilson",
              "philandstuff",
              "chrisholmes",
              "Krenair",
              "thomasalanlee",
              "mmhmm",
              "tlwr",
              "kerrr",
              "robinmitra",
              "brenetic",
              "CharlesIC",
              "sakisv",
              "ronocg",
              "Rosa-Fox",
              "chrisclayson",
              "smford",
              "blairboy362",
              "Wynndow",
              "andy-paine",
              "tomrosier",
              "bjgill",
              "bravegrape",
              "jstandring-gds",
              "mhussein-gds",
              "adityapahuja",
              "rhowe-gds"
            ],
            "name": "verify-tech-team-approvers",
            "permission": "pull",
            "privacy": "closed",
            "slug": "verify-tech-team-approvers"
          }
        }
      ]
    },
    {
      "module": "module.user_danielblair",
      "mode": "data",
      "type": "github_team",
      "name": "approvers_team",
      "provider": "provider.github",
      "instances": [
        {
          "schema_version": 0,
          "attributes": {
            "description": "Verify tech team: verify-tech-team-approvers",
            "id": "3101758",
            "members": [
              "idrop",
              "46bit",
              "galund",
              "issyl0",
              "mrwilson",
              "philandstuff",
              "chrisholmes",
              "Krenair",
              "thomasalanlee",
              "mmhmm",
              "tlwr",
              "kerrr",
              "robinmitra",
              "brenetic",
              "CharlesIC",
              "sakisv",
              "ronocg",
              "Rosa-Fox",
              "chrisclayson",
              "smford",
              "blairboy362",
              "Wynndow",
              "andy-paine",
              "tomrosier",
              "bjgill",
              "bravegrape",
              "jstandring-gds",
              "mhussein-gds",
              "adityapahuja",
              "rhowe-gds"
            ],
            "name": "verify-tech-team-approvers",
            "permission": "pull",
            "privacy": "closed",
            "slug": "verify-tech-team-approvers"
          }
        }
      ]
    },
    {
      "module": "module.user_tomrosier",
      "mode": "data",
      "type": "github_team",
      "name": "approvers_team",
      "provider": "provider.github",
      "instances": [
        {
          "schema_version": 0,
          "attributes": {
            "description": "Verify tech team: verify-tech-team-approvers",
            "id": "3101758",
            "members": [
              "idrop",
              "46bit",
              "galund",
              "issyl0",
              "mrwilson",
              "philandstuff",
              "chrisholmes",
              "Krenair",
              "thomasalanlee",
              "mmhmm",
              "tlwr",
              "kerrr",
              "robinmitra",
              "brenetic",
              "CharlesIC",
              "sakisv",
              "ronocg",
              "Rosa-Fox",
              "chrisclayson",
              "smford",
              "blairboy362",
              "Wynndow",
              "andy-paine",
              "tomrosier",
              "bjgill",
              "bravegrape",
              "jstandring-gds",
              "mhussein-gds",
              "adityapahuja",
              "rhowe-gds"
            ],
            "name": "verify-tech-team-approvers",
            "permission": "pull",
            "privacy": "closed",
            "slug": "verify-tech-team-approvers"
          }
        }
      ]
    },
    {
      "module": "module.user_idacodacybot",
      "mode": "data",
      "type": "github_team",
      "name": "approvers_team",
      "provider": "provider.github",
      "instances": [
        {
          "schema_version": 0,
          "attributes": {
            "description": "Verify tech team: verify-tech-team-approvers",
            "id": "3101758",
            "members": [
              "idrop",
              "46bit",
              "galund",
              "issyl0",
              "mrwilson",
              "philandstuff",
              "chrisholmes",
              "Krenair",
              "thomasalanlee",
              "mmhmm",
              "tlwr",
              "kerrr",
              "robinmitra",
              "brenetic",
              "CharlesIC",
              "sakisv",
              "ronocg",
              "Rosa-Fox",
              "chrisclayson",
              "smford",
              "blairboy362",
              "Wynndow",
              "andy-paine",
              "tomrosier",
              "bjgill",
              "bravegrape",
              "jstandring-gds",
              "mhussein-gds",
              "adityapahuja",
              "rhowe-gds"
            ],
            "name": "verify-tech-team-approvers",
            "permission": "pull",
            "privacy": "closed",
            "slug": "verify-tech-team-approvers"
          }
        }
      ]
    },
    {
      "module": "module.user_mariaslo",
      "mode": "data",
      "type": "github_team",
      "name": "approvers_team",
      "provider": "provider.github",
      "instances": [
        {
          "schema_version": 0,
          "attributes": {
            "description": "Verify tech team: verify-tech-team-approvers",
            "id": "3101758",
            "members": [
              "idrop",
              "46bit",
              "galund",
              "issyl0",
              "mrwilson",
              "philandstuff",
              "chrisholmes",
              "Krenair",
              "thomasalanlee",
              "mmhmm",
              "tlwr",
              "kerrr",
              "robinmitra",
              "brenetic",
              "CharlesIC",
              "sakisv",
              "ronocg",
              "Rosa-Fox",
              "chrisclayson",
              "smford",
              "blairboy362",
              "Wynndow",
              "andy-paine",
              "tomrosier",
              "bjgill",
              "bravegrape",
              "jstandring-gds",
              "mhussein-gds",
              "adityapahuja",
              "rhowe-gds"
            ],
            "name": "verify-tech-team-approvers",
            "permission": "pull",
            "privacy": "closed",
            "slug": "verify-tech-team-approvers"
          }
        }
      ]
    },
    {
      "module": "module.user_sakisv",
      "mode": "data",
      "type": "github_team",
      "name": "approvers_team",
      "provider": "provider.github",
      "instances": [
        {
          "schema_version": 0,
          "attributes": {
            "description": "Verify tech team: verify-tech-team-approvers",
            "id": "3101758",
            "members": [
              "idrop",
              "46bit",
              "galund",
              "issyl0",
              "mrwilson",
              "philandstuff",
              "chrisholmes",
              "Krenair",
              "thomasalanlee",
              "mmhmm",
              "tlwr",
              "kerrr",
              "robinmitra",
              "brenetic",
              "CharlesIC",
              "sakisv",
              "ronocg",
              "Rosa-Fox",
              "chrisclayson",
              "smford",
              "blairboy362",
              "Wynndow",
              "andy-paine",
              "tomrosier",
              "bjgill",
              "bravegrape",
              "jstandring-gds",
              "mhussein-gds",
              "adityapahuja",
              "rhowe-gds"
            ],
            "name": "verify-tech-team-approvers",
            "permission": "pull",
            "privacy": "closed",
            "slug": "verify-tech-team-approvers"
          }
        }
      ]
    },
    {
      "module": "module.user_adityapahuja",
      "mode": "data",
      "type": "github_team",
      "name": "approvers_team",
      "provider": "provider.github",
      "instances": [
        {
          "schema_version": 0,
          "attributes": {
            "description": "Verify tech team: verify-tech-team-approvers",
            "id": "3101758",
            "members": [
              "idrop",
              "46bit",
              "galund",
              "issyl0",
              "mrwilson",
              "philandstuff",
              "chrisholmes",
              "Krenair",
              "thomasalanlee",
              "mmhmm",
              "tlwr",
              "kerrr",
              "robinmitra",
              "brenetic",
              "CharlesIC",
              "sakisv",
              "ronocg",
              "Rosa-Fox",
              "chrisclayson",
              "smford",
              "blairboy362",
              "Wynndow",
              "andy-paine",
              "tomrosier",
              "bjgill",
              "bravegrape",
              "jstandring-gds",
              "mhussein-gds",
              "adityapahuja",
              "rhowe-gds"
            ],
            "name": "verify-tech-team-approvers",
            "permission": "pull",
            "privacy": "closed",
            "slug": "verify-tech-team-approvers"
          }
        }
      ]
    },
    {
      "module": "module.user_alex_monk",
      "mode": "data",
      "type": "github_team",
      "name": "approvers_team",
      "provider": "provider.github",
      "instances": [
        {
          "schema_version": 0,
          "attributes": {
            "description": "Verify tech team: verify-tech-team-approvers",
            "id": "3101758",
            "members": [
              "idrop",
              "46bit",
              "galund",
              "issyl0",
              "mrwilson",
              "philandstuff",
              "chrisholmes",
              "Krenair",
              "thomasalanlee",
              "mmhmm",
              "tlwr",
              "kerrr",
              "robinmitra",
              "brenetic",
              "CharlesIC",
              "sakisv",
              "ronocg",
              "Rosa-Fox",
              "chrisclayson",
              "smford",
              "blairboy362",
              "Wynndow",
              "andy-paine",
              "tomrosier",
              "bjgill",
              "bravegrape",
              "jstandring-gds",
              "mhussein-gds",
              "adityapahuja",
              "rhowe-gds"
            ],
            "name": "verify-tech-team-approvers",
            "permission": "pull",
            "privacy": "closed",
            "slug": "verify-tech-team-approvers"
          }
        }
      ]
    },
    {
      "module": "module.user_racinghippo",
      "mode": "data",
      "type": "github_team",
      "name": "approvers_team",
      "provider": "provider.github",
      "instances": [
        {
          "schema_version": 0,
          "attributes": {
            "description": "Verify tech team: verify-tech-team-approvers",
            "id": "3101758",
            "members": [
              "idrop",
              "46bit",
              "galund",
              "issyl0",
              "mrwilson",
              "philandstuff",
              "chrisholmes",
              "Krenair",
              "thomasalanlee",
              "mmhmm",
              "tlwr",
              "kerrr",
              "robinmitra",
              "brenetic",
              "CharlesIC",
              "sakisv",
              "ronocg",
              "Rosa-Fox",
              "chrisclayson",
              "smford",
              "blairboy362",
              "Wynndow",
              "andy-paine",
              "tomrosier",
              "bjgill",
              "bravegrape",
              "jstandring-gds",
              "mhussein-gds",
              "adityapahuja",
              "rhowe-gds"
            ],
            "name": "verify-tech-team-approvers",
            "permission": "pull",
            "privacy": "closed",
            "slug": "verify-tech-team-approvers"
          }
        }
      ]
    },
    {
      "module": "module.user_jkunle",
      "mode": "data",
      "type": "github_team",
      "name": "approvers_team",
      "provider": "provider.github",
      "instances": [
        {
          "schema_version": 0,
          "attributes": {
            "description": "Verify tech team: verify-tech-team-approvers",
            "id": "3101758",
            "members": [
              "idrop",
              "46bit",
              "galund",
              "issyl0",
              "mrwilson",
              "philandstuff",
              "chrisholmes",
              "Krenair",
              "thomasalanlee",
              "mmhmm",
              "tlwr",
              "kerrr",
              "robinmitra",
              "brenetic",
              "CharlesIC",
              "sakisv",
              "ronocg",
              "Rosa-Fox",
              "chrisclayson",
              "smford",
              "blairboy362",
              "Wynndow",
              "andy-paine",
              "tomrosier",
              "bjgill",
              "bravegrape",
              "jstandring-gds",
              "mhussein-gds",
              "adityapahuja",
              "rhowe-gds"
            ],
            "name": "verify-tech-team-approvers",
            "permission": "pull",
            "privacy": "closed",
            "slug": "verify-tech-team-approvers"
          }
        }
      ]
    },
    {
      "module": "module.user_bravegrape",
      "mode": "data",
      "type": "github_team",
      "name": "approvers_team",
      "provider": "provider.github",
      "instances": [
        {
          "schema_version": 0,
          "attributes": {
            "description": "Verify tech team: verify-tech-team-approvers",
            "id": "3101758",
            "members": [
              "idrop",
              "46bit",
              "galund",
              "issyl0",
              "mrwilson",
              "philandstuff",
              "chrisholmes",
              "Krenair",
              "thomasalanlee",
              "mmhmm",
              "tlwr",
              "kerrr",
              "robinmitra",
              "brenetic",
              "CharlesIC",
              "sakisv",
              "ronocg",
              "Rosa-Fox",
              "chrisclayson",
              "smford",
              "blairboy362",
              "Wynndow",
              "andy-paine",
              "tomrosier",
              "bjgill",
              "bravegrape",
              "jstandring-gds",
              "mhussein-gds",
              "adityapahuja",
              "rhowe-gds"
            ],
            "name": "verify-tech-team-approvers",
            "permission": "pull",
            "privacy": "closed",
            "slug": "verify-tech-team-approvers"
          }
        }
      ]
    },
    {
      "module": "module.user_chrisclayson",
      "mode": "data",
      "type": "github_team",
      "name": "approvers_team",
      "provider": "provider.github",
      "instances": [
        {
          "schema_version": 0,
          "attributes": {
            "description": "Verify tech team: verify-tech-team-approvers",
            "id": "3101758",
            "members": [
              "idrop",
              "46bit",
              "galund",
              "issyl0",
              "mrwilson",
              "philandstuff",
              "chrisholmes",
              "Krenair",
              "thomasalanlee",
              "mmhmm",
              "tlwr",
              "kerrr",
              "robinmitra",
              "brenetic",
              "CharlesIC",
              "sakisv",
              "ronocg",
              "Rosa-Fox",
              "chrisclayson",
              "smford",
              "blairboy362",
              "Wynndow",
              "andy-paine",
              "tomrosier",
              "bjgill",
              "bravegrape",
              "jstandring-gds",
              "mhussein-gds",
              "adityapahuja",
              "rhowe-gds"
            ],
            "name": "verify-tech-team-approvers",
            "permission": "pull",
            "privacy": "closed",
            "slug": "verify-tech-team-approvers"
          }
        }
      ]
    },
    {
      "module": "module.user_galund",
      "mode": "data",
      "type": "github_team",
      "name": "approvers_team",
      "provider": "provider.github",
      "instances": [
        {
          "schema_version": 0,
          "attributes": {
            "description": "Verify tech team: verify-tech-team-approvers",
            "id": "3101758",
            "members": [
              "idrop",
              "46bit",
              "galund",
              "issyl0",
              "mrwilson",
              "philandstuff",
              "chrisholmes",
              "Krenair",
              "thomasalanlee",
              "mmhmm",
              "tlwr",
              "kerrr",
              "robinmitra",
              "brenetic",
              "CharlesIC",
              "sakisv",
              "ronocg",
              "Rosa-Fox",
              "chrisclayson",
              "smford",
              "blairboy362",
              "Wynndow",
              "andy-paine",
              "tomrosier",
              "bjgill",
              "bravegrape",
              "jstandring-gds",
              "mhussein-gds",
              "adityapahuja",
              "rhowe-gds"
            ],
            "name": "verify-tech-team-approvers",
            "permission": "pull",
            "privacy": "closed",
            "slug": "verify-tech-team-approvers"
          }
        }
      ]
    },
    {
      "module": "module.user_jstandring_gds",
      "mode": "data",
      "type": "github_team",
      "name": "approvers_team",
      "provider": "provider.github",
      "instances": [
        {
          "schema_version": 0,
          "attributes": {
            "description": "Verify tech team: verify-tech-team-approvers",
            "id": "3101758",
            "members": [
              "idrop",
              "46bit",
              "galund",
              "issyl0",
              "mrwilson",
              "philandstuff",
              "chrisholmes",
              "Krenair",
              "thomasalanlee",
              "mmhmm",
              "tlwr",
              "kerrr",
              "robinmitra",
              "brenetic",
              "CharlesIC",
              "sakisv",
              "ronocg",
              "Rosa-Fox",
              "chrisclayson",
              "smford",
              "blairboy362",
              "Wynndow",
              "andy-paine",
              "tomrosier",
              "bjgill",
              "bravegrape",
              "jstandring-gds",
              "mhussein-gds",
              "adityapahuja",
              "rhowe-gds"
            ],
            "name": "verify-tech-team-approvers",
            "permission": "pull",
            "privacy": "closed",
            "slug": "verify-tech-team-approvers"
          }
        }
      ]
    },
    {
      "module": "module.user_benjamin_mortimer",
      "mode": "data",
      "type": "github_team",
      "name": "approvers_team",
      "provider": "provider.github",
      "instances": [
        {
          "schema_version": 0,
          "attributes": {
            "description": "Verify tech team: verify-tech-team-approvers",
            "id": "3101758",
            "members": [
              "idrop",
              "46bit",
              "galund",
              "issyl0",
              "mrwilson",
              "philandstuff",
              "chrisholmes",
              "Krenair",
              "thomasalanlee",
              "mmhmm",
              "tlwr",
              "kerrr",
              "robinmitra",
              "brenetic",
              "CharlesIC",
              "sakisv",
              "ronocg",
              "Rosa-Fox",
              "chrisclayson",
              "smford",
              "blairboy362",
              "Wynndow",
              "andy-paine",
              "tomrosier",
              "bjgill",
              "bravegrape",
              "jstandring-gds",
              "mhussein-gds",
              "adityapahuja",
              "rhowe-gds"
            ],
            "name": "verify-tech-team-approvers",
            "permission": "pull",
            "privacy": "closed",
            "slug": "verify-tech-team-approvers"
          }
        }
      ]
    },
    {
      "module": "module.user_smford",
      "mode": "data",
      "type": "github_team",
      "name": "approvers_team",
      "provider": "provider.github",
      "instances": [
        {
          "schema_version": 0,
          "attributes": {
            "description": "Verify tech team: verify-tech-team-approvers",
            "id": "3101758",
            "members": [
              "idrop",
              "46bit",
              "galund",
              "issyl0",
              "mrwilson",
              "philandstuff",
              "chrisholmes",
              "Krenair",
              "thomasalanlee",
              "mmhmm",
              "tlwr",
              "kerrr",
              "robinmitra",
              "brenetic",
              "CharlesIC",
              "sakisv",
              "ronocg",
              "Rosa-Fox",
              "chrisclayson",
              "smford",
              "blairboy362",
              "Wynndow",
              "andy-paine",
              "tomrosier",
              "bjgill",
              "bravegrape",
              "jstandring-gds",
              "mhussein-gds",
              "adityapahuja",
              "rhowe-gds"
            ],
            "name": "verify-tech-team-approvers",
            "permission": "pull",
            "privacy": "closed",
            "slug": "verify-tech-team-approvers"
          }
        }
      ]
    },
    {
      "module": "module.user_alexandergeegds",
      "mode": "data",
      "type": "github_team",
      "name": "approvers_team",
      "provider": "provider.github",
      "instances": [
        {
          "schema_version": 0,
          "attributes": {
            "description": "Verify tech team: verify-tech-team-approvers",
            "id": "3101758",
            "members": [
              "idrop",
              "46bit",
              "galund",
              "issyl0",
              "mrwilson",
              "philandstuff",
              "chrisholmes",
              "Krenair",
              "thomasalanlee",
              "mmhmm",
              "tlwr",
              "kerrr",
              "robinmitra",
              "brenetic",
              "CharlesIC",
              "sakisv",
              "ronocg",
              "Rosa-Fox",
              "chrisclayson",
              "smford",
              "blairboy362",
              "Wynndow",
              "andy-paine",
              "tomrosier",
              "bjgill",
              "bravegrape",
              "jstandring-gds",
              "mhussein-gds",
              "adityapahuja",
              "rhowe-gds"
            ],
            "name": "verify-tech-team-approvers",
            "permission": "pull",
            "privacy": "closed",
            "slug": "verify-tech-team-approvers"
          }
        }
      ]
    },
    {
      "mode": "data",
      "type": "github_team",
      "name": "core",
      "provider": "provider.github",
      "instances": [
        {
          "schema_version": 0,
          "attributes": {
            "description": "Verify tech team: verify-tech-team-core",
            "id": "2826122",
            "members": [
              "idrop",
              "46bit",
              "galund",
              "issyl0",
              "mrwilson",
              "philandstuff",
              "chrisholmes",
              "Krenair",
              "thomasalanlee",
              "tlwr",
              "kerrr",
              "instantiator",
              "zilnhoj",
              "Todai88",
              "robinmitra",
              "brenetic",
              "nacnudus",
              "CharlesIC",
              "jkunle",
              "sakisv",
              "ronocg",
              "Rosa-Fox",
              "AnneCarr",
              "ida-build-bot",
              "chrisclayson",
              "blairboy362",
              "Wynndow",
              "andy-paine",
              "tomrosier",
              "bjgill"
            ],
            "name": "verify-tech-team-core",
            "permission": "pull",
            "privacy": "closed",
            "slug": "verify-tech-team-core"
          }
        }
      ]
    },
    {
      "mode": "data",
      "type": "github_team",
      "name": "eidas",
      "provider": "provider.github",
      "instances": [
        {
          "schema_version": 0,
          "attributes": {
            "description": "Verify tech team: verify-tech-team-eidas",
            "id": "2826126",
            "members": [
              "idrop",
              "chrisholmes",
              "thomasalanlee",
              "instantiator",
              "CharlesIC",
              "ida-build-bot",
              "blairboy362",
              "Wynndow",
              "tomrosier",
              "benjamin-mortimer",
              "JHjava",
              "dbes-gds",
              "JohnWattsGDS",
              "ida-codacy-bot"
            ],
            "name": "verify-tech-team-eidas",
            "permission": "pull",
            "privacy": "closed",
            "slug": "verify-tech-team-eidas"
          }
        }
      ]
    },
    {
      "mode": "data",
      "type": "github_team",
      "name": "infrastructure",
      "provider": "provider.github",
      "instances": [
        {
          "schema_version": 0,
          "attributes": {
            "description": "Verify tech team: verify-tech-team-infrastructure",
            "id": "2826127",
            "members": [
              "46bit",
              "issyl0",
              "philandstuff",
              "chrisholmes",
              "Krenair",
              "thomasalanlee",
              "mmhmm",
              "tlwr",
              "sakisv",
              "stephengrier",
              "smford",
              "blairboy362",
              "andy-paine",
              "jstandring-gds",
              "adityapahuja",
              "rhowe-gds",
              "szd55gds"
            ],
            "name": "verify-tech-team-infrastructure",
            "permission": "pull",
            "privacy": "closed",
            "slug": "verify-tech-team-infrastructure"
          }
        }
      ]
    },
    {
      "module": "module.user_rosa_fox",
      "mode": "data",
      "type": "github_team",
      "name": "tech_team",
      "provider": "provider.github",
      "instances": [
        {
          "schema_version": 0,
          "attributes": {
            "description": "Verify Tech Team",
            "id": "2830432",
            "members": [
              "idrop",
              "46bit",
              "galund",
              "issyl0",
              "mrwilson",
              "philandstuff",
              "chrisholmes",
              "Krenair",
              "thomasalanlee",
              "mmhmm",
              "tlwr",
              "kerrr",
              "instantiator",
              "zilnhoj",
              "Todai88",
              "robinmitra",
              "brenetic",
              "nacnudus",
              "CharlesIC",
              "jkunle",
              "sakisv",
              "stephengrier",
              "ronocg",
              "Rosa-Fox",
              "AnneCarr",
              "ida-build-bot",
              "chrisclayson",
              "smford",
              "blairboy362",
              "Wynndow"
            ],
            "name": "verify-tech-team",
            "permission": "pull",
            "privacy": "closed",
            "slug": "verify-tech-team"
          }
        }
      ]
    },
    {
      "module": "module.user_szd55gds",
      "mode": "data",
      "type": "github_team",
      "name": "tech_team",
      "provider": "provider.github",
      "instances": [
        {
          "schema_version": 0,
          "attributes": {
            "description": "Verify Tech Team",
            "id": "2830432",
            "members": [
              "idrop",
              "46bit",
              "galund",
              "issyl0",
              "mrwilson",
              "philandstuff",
              "chrisholmes",
              "Krenair",
              "thomasalanlee",
              "mmhmm",
              "tlwr",
              "kerrr",
              "instantiator",
              "zilnhoj",
              "Todai88",
              "robinmitra",
              "brenetic",
              "nacnudus",
              "CharlesIC",
              "jkunle",
              "sakisv",
              "stephengrier",
              "ronocg",
              "Rosa-Fox",
              "AnneCarr",
              "ida-build-bot",
              "chrisclayson",
              "smford",
              "blairboy362",
              "Wynndow"
            ],
            "name": "verify-tech-team",
            "permission": "pull",
            "privacy": "closed",
            "slug": "verify-tech-team"
          }
        }
      ]
    },
    {
      "module": "module.user_nacnudus",
      "mode": "data",
      "type": "github_team",
      "name": "tech_team",
      "provider": "provider.github",
      "instances": [
        {
          "schema_version": 0,
          "attributes": {
            "description": "Verify Tech Team",
            "id": "2830432",
            "members": [
              "idrop",
              "46bit",
              "galund",
              "issyl0",
              "mrwilson",
              "philandstuff",
              "chrisholmes",
              "Krenair",
              "thomasalanlee",
              "mmhmm",
              "tlwr",
              "kerrr",
              "instantiator",
              "zilnhoj",
              "Todai88",
              "robinmitra",
              "brenetic",
              "nacnudus",
              "CharlesIC",
              "jkunle",
              "sakisv",
              "stephengrier",
              "ronocg",
              "Rosa-Fox",
              "AnneCarr",
              "ida-build-bot",
              "chrisclayson",
              "smford",
              "blairboy362",
              "Wynndow"
            ],
            "name": "verify-tech-team",
            "permission": "pull",
            "privacy": "closed",
            "slug": "verify-tech-team"
          }
        }
      ]
    },
    {
      "module": "module.user_charlesic",
      "mode": "data",
      "type": "github_team",
      "name": "tech_team",
      "provider": "provider.github",
      "instances": [
        {
          "schema_version": 0,
          "attributes": {
            "description": "Verify Tech Team",
            "id": "2830432",
            "members": [
              "idrop",
              "46bit",
              "galund",
              "issyl0",
              "mrwilson",
              "philandstuff",
              "chrisholmes",
              "Krenair",
              "thomasalanlee",
              "mmhmm",
              "tlwr",
              "kerrr",
              "instantiator",
              "zilnhoj",
              "Todai88",
              "robinmitra",
              "brenetic",
              "nacnudus",
              "CharlesIC",
              "jkunle",
              "sakisv",
              "stephengrier",
              "ronocg",
              "Rosa-Fox",
              "AnneCarr",
              "ida-build-bot",
              "chrisclayson",
              "smford",
              "blairboy362",
              "Wynndow"
            ],
            "name": "verify-tech-team",
            "permission": "pull",
            "privacy": "closed",
            "slug": "verify-tech-team"
          }
        }
      ]
    },
    {
      "module": "module.user_todai88",
      "mode": "data",
      "type": "github_team",
      "name": "tech_team",
      "provider": "provider.github",
      "instances": [
        {
          "schema_version": 0,
          "attributes": {
            "description": "Verify Tech Team",
            "id": "2830432",
            "members": [
              "idrop",
              "46bit",
              "galund",
              "issyl0",
              "mrwilson",
              "philandstuff",
              "chrisholmes",
              "Krenair",
              "thomasalanlee",
              "mmhmm",
              "tlwr",
              "kerrr",
              "instantiator",
              "zilnhoj",
              "Todai88",
              "robinmitra",
              "brenetic",
              "nacnudus",
              "CharlesIC",
              "jkunle",
              "sakisv",
              "stephengrier",
              "ronocg",
              "Rosa-Fox",
              "AnneCarr",
              "ida-build-bot",
              "chrisclayson",
              "smford",
              "blairboy362",
              "Wynndow"
            ],
            "name": "verify-tech-team",
            "permission": "pull",
            "privacy": "closed",
            "slug": "verify-tech-team"
          }
        }
      ]
    },
    {
      "module": "module.user_alan_gds",
      "mode": "data",
      "type": "github_team",
      "name": "tech_team",
      "provider": "provider.github",
      "instances": [
        {
          "schema_version": 0,
          "attributes": {
            "description": "Verify Tech Team",
            "id": "2830432",
            "members": [
              "idrop",
              "46bit",
              "galund",
              "issyl0",
              "mrwilson",
              "philandstuff",
              "chrisholmes",
              "Krenair",
              "thomasalanlee",
              "mmhmm",
              "tlwr",
              "kerrr",
              "instantiator",
              "zilnhoj",
              "Todai88",
              "robinmitra",
              "brenetic",
              "nacnudus",
              "CharlesIC",
              "jkunle",
              "sakisv",
              "stephengrier",
              "ronocg",
              "Rosa-Fox",
              "AnneCarr",
              "ida-build-bot",
              "chrisclayson",
              "smford",
              "blairboy362",
              "Wynndow"
            ],
            "name": "verify-tech-team",
            "permission": "pull",
            "privacy": "closed",
            "slug": "verify-tech-team"
          }
        }
      ]
    },
    {
      "module": "module.user_robinmitra",
      "mode": "data",
      "type": "github_team",
      "name": "tech_team",
      "provider": "provider.github",
      "instances": [
        {
          "schema_version": 0,
          "attributes": {
            "description": "Verify Tech Team",
            "id": "2830432",
            "members": [
              "idrop",
              "46bit",
              "galund",
              "issyl0",
              "mrwilson",
              "philandstuff",
              "chrisholmes",
              "Krenair",
              "thomasalanlee",
              "mmhmm",
              "tlwr",
              "kerrr",
              "instantiator",
              "zilnhoj",
              "Todai88",
              "robinmitra",
              "brenetic",
              "nacnudus",
              "CharlesIC",
              "jkunle",
              "sakisv",
              "stephengrier",
              "ronocg",
              "Rosa-Fox",
              "AnneCarr",
              "ida-build-bot",
              "chrisclayson",
              "smford",
              "blairboy362",
              "Wynndow"
            ],
            "name": "verify-tech-team",
            "permission": "pull",
            "privacy": "closed",
            "slug": "verify-tech-team"
          }
        }
      ]
    },
    {
      "module": "module.user_mrwilson",
      "mode": "data",
      "type": "github_team",
      "name": "tech_team",
      "provider": "provider.github",
      "instances": [
        {
          "schema_version": 0,
          "attributes": {
            "description": "Verify Tech Team",
            "id": "2830432",
            "members": [
              "idrop",
              "46bit",
              "galund",
              "issyl0",
              "mrwilson",
              "philandstuff",
              "chrisholmes",
              "Krenair",
              "thomasalanlee",
              "mmhmm",
              "tlwr",
              "kerrr",
              "instantiator",
              "zilnhoj",
              "Todai88",
              "robinmitra",
              "brenetic",
              "nacnudus",
              "CharlesIC",
              "jkunle",
              "sakisv",
              "stephengrier",
              "ronocg",
              "Rosa-Fox",
              "AnneCarr",
              "ida-build-bot",
              "chrisclayson",
              "smford",
              "blairboy362",
              "Wynndow"
            ],
            "name": "verify-tech-team",
            "permission": "pull",
            "privacy": "closed",
            "slug": "verify-tech-team"
          }
        }
      ]
    },
    {
      "module": "module.user_amritsidhu",
      "mode": "data",
      "type": "github_team",
      "name": "tech_team",
      "provider": "provider.github",
      "instances": [
        {
          "schema_version": 0,
          "attributes": {
            "description": "Verify Tech Team",
            "id": "2830432",
            "members": [
              "idrop",
              "46bit",
              "galund",
              "issyl0",
              "mrwilson",
              "philandstuff",
              "chrisholmes",
              "Krenair",
              "thomasalanlee",
              "mmhmm",
              "tlwr",
              "kerrr",
              "instantiator",
              "zilnhoj",
              "Todai88",
              "robinmitra",
              "brenetic",
              "nacnudus",
              "CharlesIC",
              "jkunle",
              "sakisv",
              "stephengrier",
              "ronocg",
              "Rosa-Fox",
              "AnneCarr",
              "ida-build-bot",
              "chrisclayson",
              "smford",
              "blairboy362",
              "Wynndow"
            ],
            "name": "verify-tech-team",
            "permission": "pull",
            "privacy": "closed",
            "slug": "verify-tech-team"
          }
        }
      ]
    },
    {
      "module": "module.user_michaelabenyohai",
      "mode": "data",
      "type": "github_team",
      "name": "tech_team",
      "provider": "provider.github",
      "instances": [
        {
          "schema_version": 0,
          "attributes": {
            "description": "Verify Tech Team",
            "id": "2830432",
            "members": [
              "idrop",
              "46bit",
              "galund",
              "issyl0",
              "mrwilson",
              "philandstuff",
              "chrisholmes",
              "Krenair",
              "thomasalanlee",
              "mmhmm",
              "tlwr",
              "kerrr",
              "instantiator",
              "zilnhoj",
              "Todai88",
              "robinmitra",
              "brenetic",
              "nacnudus",
              "CharlesIC",
              "jkunle",
              "sakisv",
              "stephengrier",
              "ronocg",
              "Rosa-Fox",
              "AnneCarr",
              "ida-build-bot",
              "chrisclayson",
              "smford",
              "blairboy362",
              "Wynndow"
            ],
            "name": "verify-tech-team",
            "permission": "pull",
            "privacy": "closed",
            "slug": "verify-tech-team"
          }
        }
      ]
    },
    {
      "module": "module.user_issyl0",
      "mode": "data",
      "type": "github_team",
      "name": "tech_team",
      "provider": "provider.github",
      "instances": [
        {
          "schema_version": 0,
          "attributes": {
            "description": "Verify Tech Team",
            "id": "2830432",
            "members": [
              "idrop",
              "46bit",
              "galund",
              "issyl0",
              "mrwilson",
              "philandstuff",
              "chrisholmes",
              "Krenair",
              "thomasalanlee",
              "mmhmm",
              "tlwr",
              "kerrr",
              "instantiator",
              "zilnhoj",
              "Todai88",
              "robinmitra",
              "brenetic",
              "nacnudus",
              "CharlesIC",
              "jkunle",
              "sakisv",
              "stephengrier",
              "ronocg",
              "Rosa-Fox",
              "AnneCarr",
              "ida-build-bot",
              "chrisclayson",
              "smford",
              "blairboy362",
              "Wynndow"
            ],
            "name": "verify-tech-team",
            "permission": "pull",
            "privacy": "closed",
            "slug": "verify-tech-team"
          }
        }
      ]
    },
    {
      "module": "module.user_brenetic",
      "mode": "data",
      "type": "github_team",
      "name": "tech_team",
      "provider": "provider.github",
      "instances": [
        {
          "schema_version": 0,
          "attributes": {
            "description": "Verify Tech Team",
            "id": "2830432",
            "members": [
              "idrop",
              "46bit",
              "galund",
              "issyl0",
              "mrwilson",
              "philandstuff",
              "chrisholmes",
              "Krenair",
              "thomasalanlee",
              "mmhmm",
              "tlwr",
              "kerrr",
              "instantiator",
              "zilnhoj",
              "Todai88",
              "robinmitra",
              "brenetic",
              "nacnudus",
              "CharlesIC",
              "jkunle",
              "sakisv",
              "stephengrier",
              "ronocg",
              "Rosa-Fox",
              "AnneCarr",
              "ida-build-bot",
              "chrisclayson",
              "smford",
              "blairboy362",
              "Wynndow"
            ],
            "name": "verify-tech-team",
            "permission": "pull",
            "privacy": "closed",
            "slug": "verify-tech-team"
          }
        }
      ]
    },
    {
      "module": "module.user_johnwattsgds",
      "mode": "data",
      "type": "github_team",
      "name": "tech_team",
      "provider": "provider.github",
      "instances": [
        {
          "schema_version": 0,
          "attributes": {
            "description": "Verify Tech Team",
            "id": "2830432",
            "members": [
              "idrop",
              "46bit",
              "galund",
              "issyl0",
              "mrwilson",
              "philandstuff",
              "chrisholmes",
              "Krenair",
              "thomasalanlee",
              "mmhmm",
              "tlwr",
              "kerrr",
              "instantiator",
              "zilnhoj",
              "Todai88",
              "robinmitra",
              "brenetic",
              "nacnudus",
              "CharlesIC",
              "jkunle",
              "sakisv",
              "stephengrier",
              "ronocg",
              "Rosa-Fox",
              "AnneCarr",
              "ida-build-bot",
              "chrisclayson",
              "smford",
              "blairboy362",
              "Wynndow"
            ],
            "name": "verify-tech-team",
            "permission": "pull",
            "privacy": "closed",
            "slug": "verify-tech-team"
          }
        }
      ]
    },
    {
      "module": "module.user_dbes_gds",
      "mode": "data",
      "type": "github_team",
      "name": "tech_team",
      "provider": "provider.github",
      "instances": [
        {
          "schema_version": 0,
          "attributes": {
            "description": "Verify Tech Team",
            "id": "2830432",
            "members": [
              "idrop",
              "46bit",
              "galund",
              "issyl0",
              "mrwilson",
              "philandstuff",
              "chrisholmes",
              "Krenair",
              "thomasalanlee",
              "mmhmm",
              "tlwr",
              "kerrr",
              "instantiator",
              "zilnhoj",
              "Todai88",
              "robinmitra",
              "brenetic",
              "nacnudus",
              "CharlesIC",
              "jkunle",
              "sakisv",
              "stephengrier",
              "ronocg",
              "Rosa-Fox",
              "AnneCarr",
              "ida-build-bot",
              "chrisclayson",
              "smford",
              "blairboy362",
              "Wynndow"
            ],
            "name": "verify-tech-team",
            "permission": "pull",
            "privacy": "closed",
            "slug": "verify-tech-team"
          }
        }
      ]
    },
    {
      "module": "module.user_instantiator",
      "mode": "data",
      "type": "github_team",
      "name": "tech_team",
      "provider": "provider.github",
      "instances": [
        {
          "schema_version": 0,
          "attributes": {
            "description": "Verify Tech Team",
            "id": "2830432",
            "members": [
              "idrop",
              "46bit",
              "galund",
              "issyl0",
              "mrwilson",
              "philandstuff",
              "chrisholmes",
              "Krenair",
              "thomasalanlee",
              "mmhmm",
              "tlwr",
              "kerrr",
              "instantiator",
              "zilnhoj",
              "Todai88",
              "robinmitra",
              "brenetic",
              "nacnudus",
              "CharlesIC",
              "jkunle",
              "sakisv",
              "stephengrier",
              "ronocg",
              "Rosa-Fox",
              "AnneCarr",
              "ida-build-bot",
              "chrisclayson",
              "smford",
              "blairboy362",
              "Wynndow"
            ],
            "name": "verify-tech-team",
            "permission": "pull",
            "privacy": "closed",
            "slug": "verify-tech-team"
          }
        }
      ]
    },
    {
      "module": "module.user_philandstuff",
      "mode": "data",
      "type": "github_team",
      "name": "tech_team",
      "provider": "provider.github",
      "instances": [
        {
          "schema_version": 0,
          "attributes": {
            "description": "Verify Tech Team",
            "id": "2830432",
            "members": [
              "idrop",
              "46bit",
              "galund",
              "issyl0",
              "mrwilson",
              "philandstuff",
              "chrisholmes",
              "Krenair",
              "thomasalanlee",
              "mmhmm",
              "tlwr",
              "kerrr",
              "instantiator",
              "zilnhoj",
              "Todai88",
              "robinmitra",
              "brenetic",
              "nacnudus",
              "CharlesIC",
              "jkunle",
              "sakisv",
              "stephengrier",
              "ronocg",
              "Rosa-Fox",
              "AnneCarr",
              "ida-build-bot",
              "chrisclayson",
              "smford",
              "blairboy362",
              "Wynndow"
            ],
            "name": "verify-tech-team",
            "permission": "pull",
            "privacy": "closed",
            "slug": "verify-tech-team"
          }
        }
      ]
    },
    {
      "module": "module.user_idrop",
      "mode": "data",
      "type": "github_team",
      "name": "tech_team",
      "provider": "provider.github",
      "instances": [
        {
          "schema_version": 0,
          "attributes": {
            "description": "Verify Tech Team",
            "id": "2830432",
            "members": [
              "idrop",
              "46bit",
              "galund",
              "issyl0",
              "mrwilson",
              "philandstuff",
              "chrisholmes",
              "Krenair",
              "thomasalanlee",
              "mmhmm",
              "tlwr",
              "kerrr",
              "instantiator",
              "zilnhoj",
              "Todai88",
              "robinmitra",
              "brenetic",
              "nacnudus",
              "CharlesIC",
              "jkunle",
              "sakisv",
              "stephengrier",
              "ronocg",
              "Rosa-Fox",
              "AnneCarr",
              "ida-build-bot",
              "chrisclayson",
              "smford",
              "blairboy362",
              "Wynndow"
            ],
            "name": "verify-tech-team",
            "permission": "pull",
            "privacy": "closed",
            "slug": "verify-tech-team"
          }
        }
      ]
    },
    {
      "module": "module.user_thomasalanlee",
      "mode": "data",
      "type": "github_team",
      "name": "tech_team",
      "provider": "provider.github",
      "instances": [
        {
          "schema_version": 0,
          "attributes": {
            "description": "Verify Tech Team",
            "id": "2830432",
            "members": [
              "idrop",
              "46bit",
              "galund",
              "issyl0",
              "mrwilson",
              "philandstuff",
              "chrisholmes",
              "Krenair",
              "thomasalanlee",
              "mmhmm",
              "tlwr",
              "kerrr",
              "instantiator",
              "zilnhoj",
              "Todai88",
              "robinmitra",
              "brenetic",
              "nacnudus",
              "CharlesIC",
              "jkunle",
              "sakisv",
              "stephengrier",
              "ronocg",
              "Rosa-Fox",
              "AnneCarr",
              "ida-build-bot",
              "chrisclayson",
              "smford",
              "blairboy362",
              "Wynndow"
            ],
            "name": "verify-tech-team",
            "permission": "pull",
            "privacy": "closed",
            "slug": "verify-tech-team"
          }
        }
      ]
    },
    {
      "module": "module.user_kerrr",
      "mode": "data",
      "type": "github_team",
      "name": "tech_team",
      "provider": "provider.github",
      "instances": [
        {
          "schema_version": 0,
          "attributes": {
            "description": "Verify Tech Team",
            "id": "2830432",
            "members": [
              "idrop",
              "46bit",
              "galund",
              "issyl0",
              "mrwilson",
              "philandstuff",
              "chrisholmes",
              "Krenair",
              "thomasalanlee",
              "mmhmm",
              "tlwr",
              "kerrr",
              "instantiator",
              "zilnhoj",
              "Todai88",
              "robinmitra",
              "brenetic",
              "nacnudus",
              "CharlesIC",
              "jkunle",
              "sakisv",
              "stephengrier",
              "ronocg",
              "Rosa-Fox",
              "AnneCarr",
              "ida-build-bot",
              "chrisclayson",
              "smford",
              "blairboy362",
              "Wynndow"
            ],
            "name": "verify-tech-team",
            "permission": "pull",
            "privacy": "closed",
            "slug": "verify-tech-team"
          }
        }
      ]
    },
    {
      "module": "module.user_zilnhoj",
      "mode": "data",
      "type": "github_team",
      "name": "tech_team",
      "provider": "provider.github",
      "instances": [
        {
          "schema_version": 0,
          "attributes": {
            "description": "Verify Tech Team",
            "id": "2830432",
            "members": [
              "idrop",
              "46bit",
              "galund",
              "issyl0",
              "mrwilson",
              "philandstuff",
              "chrisholmes",
              "Krenair",
              "thomasalanlee",
              "mmhmm",
              "tlwr",
              "kerrr",
              "instantiator",
              "zilnhoj",
              "Todai88",
              "robinmitra",
              "brenetic",
              "nacnudus",
              "CharlesIC",
              "jkunle",
              "sakisv",
              "stephengrier",
              "ronocg",
              "Rosa-Fox",
              "AnneCarr",
              "ida-build-bot",
              "chrisclayson",
              "smford",
              "blairboy362",
              "Wynndow"
            ],
            "name": "verify-tech-team",
            "permission": "pull",
            "privacy": "closed",
            "slug": "verify-tech-team"
          }
        }
      ]
    },
    {
      "module": "module.user_annecarr",
      "mode": "data",
      "type": "github_team",
      "name": "tech_team",
      "provider": "provider.github",
      "instances": [
        {
          "schema_version": 0,
          "attributes": {
            "description": "Verify Tech Team",
            "id": "2830432",
            "members": [
              "idrop",
              "46bit",
              "galund",
              "issyl0",
              "mrwilson",
              "philandstuff",
              "chrisholmes",
              "Krenair",
              "thomasalanlee",
              "mmhmm",
              "tlwr",
              "kerrr",
              "instantiator",
              "zilnhoj",
              "Todai88",
              "robinmitra",
              "brenetic",
              "nacnudus",
              "CharlesIC",
              "jkunle",
              "sakisv",
              "stephengrier",
              "ronocg",
              "Rosa-Fox",
              "AnneCarr",
              "ida-build-bot",
              "chrisclayson",
              "smford",
              "blairboy362",
              "Wynndow"
            ],
            "name": "verify-tech-team",
            "permission": "pull",
            "privacy": "closed",
            "slug": "verify-tech-team"
          }
        }
      ]
    },
    {
      "module": "module.user_j_maynard",
      "mode": "data",
      "type": "github_team",
      "name": "tech_team",
      "provider": "provider.github",
      "instances": [
        {
          "schema_version": 0,
          "attributes": {
            "description": "Verify Tech Team",
            "id": "2830432",
            "members": [
              "idrop",
              "46bit",
              "galund",
              "issyl0",
              "mrwilson",
              "philandstuff",
              "chrisholmes",
              "Krenair",
              "thomasalanlee",
              "mmhmm",
              "tlwr",
              "kerrr",
              "instantiator",
              "zilnhoj",
              "Todai88",
              "robinmitra",
              "brenetic",
              "nacnudus",
              "CharlesIC",
              "jkunle",
              "sakisv",
              "stephengrier",
              "ronocg",
              "Rosa-Fox",
              "AnneCarr",
              "ida-build-bot",
              "chrisclayson",
              "smford",
              "blairboy362",
              "Wynndow"
            ],
            "name": "verify-tech-team",
            "permission": "pull",
            "privacy": "closed",
            "slug": "verify-tech-team"
          }
        }
      ]
    },
    {
      "module": "module.user_mhussein_gds",
      "mode": "data",
      "type": "github_team",
      "name": "tech_team",
      "provider": "provider.github",
      "instances": [
        {
          "schema_version": 0,
          "attributes": {
            "description": "Verify Tech Team",
            "id": "2830432",
            "members": [
              "idrop",
              "46bit",
              "galund",
              "issyl0",
              "mrwilson",
              "philandstuff",
              "chrisholmes",
              "Krenair",
              "thomasalanlee",
              "mmhmm",
              "tlwr",
              "kerrr",
              "instantiator",
              "zilnhoj",
              "Todai88",
              "robinmitra",
              "brenetic",
              "nacnudus",
              "CharlesIC",
              "jkunle",
              "sakisv",
              "stephengrier",
              "ronocg",
              "Rosa-Fox",
              "AnneCarr",
              "ida-build-bot",
              "chrisclayson",
              "smford",
              "blairboy362",
              "Wynndow"
            ],
            "name": "verify-tech-team",
            "permission": "pull",
            "privacy": "closed",
            "slug": "verify-tech-team"
          }
        }
      ]
    },
    {
      "module": "module.user_jhjava",
      "mode": "data",
      "type": "github_team",
      "name": "tech_team",
      "provider": "provider.github",
      "instances": [
        {
          "schema_version": 0,
          "attributes": {
            "description": "Verify Tech Team",
            "id": "2830432",
            "members": [
              "idrop",
              "46bit",
              "galund",
              "issyl0",
              "mrwilson",
              "philandstuff",
              "chrisholmes",
              "Krenair",
              "thomasalanlee",
              "mmhmm",
              "tlwr",
              "kerrr",
              "instantiator",
              "zilnhoj",
              "Todai88",
              "robinmitra",
              "brenetic",
              "nacnudus",
              "CharlesIC",
              "jkunle",
              "sakisv",
              "stephengrier",
              "ronocg",
              "Rosa-Fox",
              "AnneCarr",
              "ida-build-bot",
              "chrisclayson",
              "smford",
              "blairboy362",
              "Wynndow"
            ],
            "name": "verify-tech-team",
            "permission": "pull",
            "privacy": "closed",
            "slug": "verify-tech-team"
          }
        }
      ]
    },
    {
      "module": "module.user_blairboy362",
      "mode": "data",
      "type": "github_team",
      "name": "tech_team",
      "provider": "provider.github",
      "instances": [
        {
          "schema_version": 0,
          "attributes": {
            "description": "Verify Tech Team",
            "id": "2830432",
            "members": [
              "idrop",
              "46bit",
              "galund",
              "issyl0",
              "mrwilson",
              "philandstuff",
              "chrisholmes",
              "Krenair",
              "thomasalanlee",
              "mmhmm",
              "tlwr",
              "kerrr",
              "instantiator",
              "zilnhoj",
              "Todai88",
              "robinmitra",
              "brenetic",
              "nacnudus",
              "CharlesIC",
              "jkunle",
              "sakisv",
              "stephengrier",
              "ronocg",
              "Rosa-Fox",
              "AnneCarr",
              "ida-build-bot",
              "chrisclayson",
              "smford",
              "blairboy362",
              "Wynndow"
            ],
            "name": "verify-tech-team",
            "permission": "pull",
            "privacy": "closed",
            "slug": "verify-tech-team"
          }
        }
      ]
    },
    {
      "module": "module.user_ida_build_bot",
      "mode": "data",
      "type": "github_team",
      "name": "tech_team",
      "provider": "provider.github",
      "instances": [
        {
          "schema_version": 0,
          "attributes": {
            "description": "Verify Tech Team",
            "id": "2830432",
            "members": [
              "idrop",
              "46bit",
              "galund",
              "issyl0",
              "mrwilson",
              "philandstuff",
              "chrisholmes",
              "Krenair",
              "thomasalanlee",
              "mmhmm",
              "tlwr",
              "kerrr",
              "instantiator",
              "zilnhoj",
              "Todai88",
              "robinmitra",
              "brenetic",
              "nacnudus",
              "CharlesIC",
              "jkunle",
              "sakisv",
              "stephengrier",
              "ronocg",
              "Rosa-Fox",
              "AnneCarr",
              "ida-build-bot",
              "chrisclayson",
              "smford",
              "blairboy362",
              "Wynndow"
            ],
            "name": "verify-tech-team",
            "permission": "pull",
            "privacy": "closed",
            "slug": "verify-tech-team"
          }
        }
      ]
    },
    {
      "module": "module.user_46bit",
      "mode": "data",
      "type": "github_team",
      "name": "tech_team",
      "provider": "provider.github",
      "instances": [
        {
          "schema_version": 0,
          "attributes": {
            "description": "Verify Tech Team",
            "id": "2830432",
            "members": [
              "idrop",
              "46bit",
              "galund",
              "issyl0",
              "mrwilson",
              "philandstuff",
              "chrisholmes",
              "Krenair",
              "thomasalanlee",
              "mmhmm",
              "tlwr",
              "kerrr",
              "instantiator",
              "zilnhoj",
              "Todai88",
              "robinmitra",
              "brenetic",
              "nacnudus",
              "CharlesIC",
              "jkunle",
              "sakisv",
              "stephengrier",
              "ronocg",
              "Rosa-Fox",
              "AnneCarr",
              "ida-build-bot",
              "chrisclayson",
              "smford",
              "blairboy362",
              "Wynndow"
            ],
            "name": "verify-tech-team",
            "permission": "pull",
            "privacy": "closed",
            "slug": "verify-tech-team"
          }
        }
      ]
    },
    {
      "module": "module.user_sarahdean",
      "mode": "data",
      "type": "github_team",
      "name": "tech_team",
      "provider": "provider.github",
      "instances": [
        {
          "schema_version": 0,
          "attributes": {
            "description": "Verify Tech Team",
            "id": "2830432",
            "members": [
              "idrop",
              "46bit",
              "galund",
              "issyl0",
              "mrwilson",
              "philandstuff",
              "chrisholmes",
              "Krenair",
              "thomasalanlee",
              "mmhmm",
              "tlwr",
              "kerrr",
              "instantiator",
              "zilnhoj",
              "Todai88",
              "robinmitra",
              "brenetic",
              "nacnudus",
              "CharlesIC",
              "jkunle",
              "sakisv",
              "stephengrier",
              "ronocg",
              "Rosa-Fox",
              "AnneCarr",
              "ida-build-bot",
              "chrisclayson",
              "smford",
              "blairboy362",
              "Wynndow"
            ],
            "name": "verify-tech-team",
            "permission": "pull",
            "privacy": "closed",
            "slug": "verify-tech-team"
          }
        }
      ]
    },
    {
      "module": "module.user_chris_wynne",
      "mode": "data",
      "type": "github_team",
      "name": "tech_team",
      "provider": "provider.github",
      "instances": [
        {
          "schema_version": 0,
          "attributes": {
            "description": "Verify Tech Team",
            "id": "2830432",
            "members": [
              "idrop",
              "46bit",
              "galund",
              "issyl0",
              "mrwilson",
              "philandstuff",
              "chrisholmes",
              "Krenair",
              "thomasalanlee",
              "mmhmm",
              "tlwr",
              "kerrr",
              "instantiator",
              "zilnhoj",
              "Todai88",
              "robinmitra",
              "brenetic",
              "nacnudus",
              "CharlesIC",
              "jkunle",
              "sakisv",
              "stephengrier",
              "ronocg",
              "Rosa-Fox",
              "AnneCarr",
              "ida-build-bot",
              "chrisclayson",
              "smford",
              "blairboy362",
              "Wynndow"
            ],
            "name": "verify-tech-team",
            "permission": "pull",
            "privacy": "closed",
            "slug": "verify-tech-team"
          }
        }
      ]
    },
    {
      "module": "module.user_ronocg",
      "mode": "data",
      "type": "github_team",
      "name": "tech_team",
      "provider": "provider.github",
      "instances": [
        {
          "schema_version": 0,
          "attributes": {
            "description": "Verify Tech Team",
            "id": "2830432",
            "members": [
              "idrop",
              "46bit",
              "galund",
              "issyl0",
              "mrwilson",
              "philandstuff",
              "chrisholmes",
              "Krenair",
              "thomasalanlee",
              "mmhmm",
              "tlwr",
              "kerrr",
              "instantiator",
              "zilnhoj",
              "Todai88",
              "robinmitra",
              "brenetic",
              "nacnudus",
              "CharlesIC",
              "jkunle",
              "sakisv",
              "stephengrier",
              "ronocg",
              "Rosa-Fox",
              "AnneCarr",
              "ida-build-bot",
              "chrisclayson",
              "smford",
              "blairboy362",
              "Wynndow"
            ],
            "name": "verify-tech-team",
            "permission": "pull",
            "privacy": "closed",
            "slug": "verify-tech-team"
          }
        }
      ]
    },
    {
      "module": "module.user_mmhmm",
      "mode": "data",
      "type": "github_team",
      "name": "tech_team",
      "provider": "provider.github",
      "instances": [
        {
          "schema_version": 0,
          "attributes": {
            "description": "Verify Tech Team",
            "id": "2830432",
            "members": [
              "idrop",
              "46bit",
              "galund",
              "issyl0",
              "mrwilson",
              "philandstuff",
              "chrisholmes",
              "Krenair",
              "thomasalanlee",
              "mmhmm",
              "tlwr",
              "kerrr",
              "instantiator",
              "zilnhoj",
              "Todai88",
              "robinmitra",
              "brenetic",
              "nacnudus",
              "CharlesIC",
              "jkunle",
              "sakisv",
              "stephengrier",
              "ronocg",
              "Rosa-Fox",
              "AnneCarr",
              "ida-build-bot",
              "chrisclayson",
              "smford",
              "blairboy362",
              "Wynndow"
            ],
            "name": "verify-tech-team",
            "permission": "pull",
            "privacy": "closed",
            "slug": "verify-tech-team"
          }
        }
      ]
    },
    {
      "module": "module.user_gdsnewt",
      "mode": "data",
      "type": "github_team",
      "name": "tech_team",
      "provider": "provider.github",
      "instances": [
        {
          "schema_version": 0,
          "attributes": {
            "description": "Verify Tech Team",
            "id": "2830432",
            "members": [
              "idrop",
              "46bit",
              "galund",
              "issyl0",
              "mrwilson",
              "philandstuff",
              "chrisholmes",
              "Krenair",
              "thomasalanlee",
              "mmhmm",
              "tlwr",
              "kerrr",
              "instantiator",
              "zilnhoj",
              "Todai88",
              "robinmitra",
              "brenetic",
              "nacnudus",
              "CharlesIC",
              "jkunle",
              "sakisv",
              "stephengrier",
              "ronocg",
              "Rosa-Fox",
              "AnneCarr",
              "ida-build-bot",
              "chrisclayson",
              "smford",
              "blairboy362",
              "Wynndow"
            ],
            "name": "verify-tech-team",
            "permission": "pull",
            "privacy": "closed",
            "slug": "verify-tech-team"
          }
        }
      ]
    },
    {
      "module": "module.user_jakubmiarka",
      "mode": "data",
      "type": "github_team",
      "name": "tech_team",
      "provider": "provider.github",
      "instances": [
        {
          "schema_version": 0,
          "attributes": {
            "description": "Verify Tech Team",
            "id": "2830432",
            "members": [
              "idrop",
              "46bit",
              "galund",
              "issyl0",
              "mrwilson",
              "philandstuff",
              "chrisholmes",
              "Krenair",
              "thomasalanlee",
              "mmhmm",
              "tlwr",
              "kerrr",
              "instantiator",
              "zilnhoj",
              "Todai88",
              "robinmitra",
              "brenetic",
              "nacnudus",
              "CharlesIC",
              "jkunle",
              "sakisv",
              "stephengrier",
              "ronocg",
              "Rosa-Fox",
              "AnneCarr",
              "ida-build-bot",
              "chrisclayson",
              "smford",
              "blairboy362",
              "Wynndow"
            ],
            "name": "verify-tech-team",
            "permission": "pull",
            "privacy": "closed",
            "slug": "verify-tech-team"
          }
        }
      ]
    },
    {
      "module": "module.user_rhowe_gds",
      "mode": "data",
      "type": "github_team",
      "name": "tech_team",
      "provider": "provider.github",
      "instances": [
        {
          "schema_version": 0,
          "attributes": {
            "description": "Verify Tech Team",
            "id": "2830432",
            "members": [
              "idrop",
              "46bit",
              "galund",
              "issyl0",
              "mrwilson",
              "philandstuff",
              "chrisholmes",
              "Krenair",
              "thomasalanlee",
              "mmhmm",
              "tlwr",
              "kerrr",
              "instantiator",
              "zilnhoj",
              "Todai88",
              "robinmitra",
              "brenetic",
              "nacnudus",
              "CharlesIC",
              "jkunle",
              "sakisv",
              "stephengrier",
              "ronocg",
              "Rosa-Fox",
              "AnneCarr",
              "ida-build-bot",
              "chrisclayson",
              "smford",
              "blairboy362",
              "Wynndow"
            ],
            "name": "verify-tech-team",
            "permission": "pull",
            "privacy": "closed",
            "slug": "verify-tech-team"
          }
        }
      ]
    },
    {
      "module": "module.user_coleni",
      "mode": "data",
      "type": "github_team",
      "name": "tech_team",
      "provider": "provider.github",
      "instances": [
        {
          "schema_version": 0,
          "attributes": {
            "description": "Verify Tech Team",
            "id": "2830432",
            "members": [
              "idrop",
              "46bit",
              "galund",
              "issyl0",
              "mrwilson",
              "philandstuff",
              "chrisholmes",
              "Krenair",
              "thomasalanlee",
              "mmhmm",
              "tlwr",
              "kerrr",
              "instantiator",
              "zilnhoj",
              "Todai88",
              "robinmitra",
              "brenetic",
              "nacnudus",
              "CharlesIC",
              "jkunle",
              "sakisv",
              "stephengrier",
              "ronocg",
              "Rosa-Fox",
              "AnneCarr",
              "ida-build-bot",
              "chrisclayson",
              "smford",
              "blairboy362",
              "Wynndow"
            ],
            "name": "verify-tech-team",
            "permission": "pull",
            "privacy": "closed",
            "slug": "verify-tech-team"
          }
        }
      ]
    },
    {
      "module": "module.user_tlwr",
      "mode": "data",
      "type": "github_team",
      "name": "tech_team",
      "provider": "provider.github",
      "instances": [
        {
          "schema_version": 0,
          "attributes": {
            "description": "Verify Tech Team",
            "id": "2830432",
            "members": [
              "idrop",
              "46bit",
              "galund",
              "issyl0",
              "mrwilson",
              "philandstuff",
              "chrisholmes",
              "Krenair",
              "thomasalanlee",
              "mmhmm",
              "tlwr",
              "kerrr",
              "instantiator",
              "zilnhoj",
              "Todai88",
              "robinmitra",
              "brenetic",
              "nacnudus",
              "CharlesIC",
              "jkunle",
              "sakisv",
              "stephengrier",
              "ronocg",
              "Rosa-Fox",
              "AnneCarr",
              "ida-build-bot",
              "chrisclayson",
              "smford",
              "blairboy362",
              "Wynndow"
            ],
            "name": "verify-tech-team",
            "permission": "pull",
            "privacy": "closed",
            "slug": "verify-tech-team"
          }
        }
      ]
    },
    {
      "module": "module.user_chrisholmes",
      "mode": "data",
      "type": "github_team",
      "name": "tech_team",
      "provider": "provider.github",
      "instances": [
        {
          "schema_version": 0,
          "attributes": {
            "description": "Verify Tech Team",
            "id": "2830432",
            "members": [
              "idrop",
              "46bit",
              "galund",
              "issyl0",
              "mrwilson",
              "philandstuff",
              "chrisholmes",
              "Krenair",
              "thomasalanlee",
              "mmhmm",
              "tlwr",
              "kerrr",
              "instantiator",
              "zilnhoj",
              "Todai88",
              "robinmitra",
              "brenetic",
              "nacnudus",
              "CharlesIC",
              "jkunle",
              "sakisv",
              "stephengrier",
              "ronocg",
              "Rosa-Fox",
              "AnneCarr",
              "ida-build-bot",
              "chrisclayson",
              "smford",
              "blairboy362",
              "Wynndow"
            ],
            "name": "verify-tech-team",
            "permission": "pull",
            "privacy": "closed",
            "slug": "verify-tech-team"
          }
        }
      ]
    },
    {
      "module": "module.user_andy_paine",
      "mode": "data",
      "type": "github_team",
      "name": "tech_team",
      "provider": "provider.github",
      "instances": [
        {
          "schema_version": 0,
          "attributes": {
            "description": "Verify Tech Team",
            "id": "2830432",
            "members": [
              "idrop",
              "46bit",
              "galund",
              "issyl0",
              "mrwilson",
              "philandstuff",
              "chrisholmes",
              "Krenair",
              "thomasalanlee",
              "mmhmm",
              "tlwr",
              "kerrr",
              "instantiator",
              "zilnhoj",
              "Todai88",
              "robinmitra",
              "brenetic",
              "nacnudus",
              "CharlesIC",
              "jkunle",
              "sakisv",
              "stephengrier",
              "ronocg",
              "Rosa-Fox",
              "AnneCarr",
              "ida-build-bot",
              "chrisclayson",
              "smford",
              "blairboy362",
              "Wynndow"
            ],
            "name": "verify-tech-team",
            "permission": "pull",
            "privacy": "closed",
            "slug": "verify-tech-team"
          }
        }
      ]
    },
    {
      "module": "module.user_bjgill",
      "mode": "data",
      "type": "github_team",
      "name": "tech_team",
      "provider": "provider.github",
      "instances": [
        {
          "schema_version": 0,
          "attributes": {
            "description": "Verify Tech Team",
            "id": "2830432",
            "members": [
              "idrop",
              "46bit",
              "galund",
              "issyl0",
              "mrwilson",
              "philandstuff",
              "chrisholmes",
              "Krenair",
              "thomasalanlee",
              "mmhmm",
              "tlwr",
              "kerrr",
              "instantiator",
              "zilnhoj",
              "Todai88",
              "robinmitra",
              "brenetic",
              "nacnudus",
              "CharlesIC",
              "jkunle",
              "sakisv",
              "stephengrier",
              "ronocg",
              "Rosa-Fox",
              "AnneCarr",
              "ida-build-bot",
              "chrisclayson",
              "smford",
              "blairboy362",
              "Wynndow"
            ],
            "name": "verify-tech-team",
            "permission": "pull",
            "privacy": "closed",
            "slug": "verify-tech-team"
          }
        }
      ]
    },
    {
      "module": "module.user_danielblair",
      "mode": "data",
      "type": "github_team",
      "name": "tech_team",
      "provider": "provider.github",
      "instances": [
        {
          "schema_version": 0,
          "attributes": {
            "description": "Verify Tech Team",
            "id": "2830432",
            "members": [
              "idrop",
              "46bit",
              "galund",
              "issyl0",
              "mrwilson",
              "philandstuff",
              "chrisholmes",
              "Krenair",
              "thomasalanlee",
              "mmhmm",
              "tlwr",
              "kerrr",
              "instantiator",
              "zilnhoj",
              "Todai88",
              "robinmitra",
              "brenetic",
              "nacnudus",
              "CharlesIC",
              "jkunle",
              "sakisv",
              "stephengrier",
              "ronocg",
              "Rosa-Fox",
              "AnneCarr",
              "ida-build-bot",
              "chrisclayson",
              "smford",
              "blairboy362",
              "Wynndow"
            ],
            "name": "verify-tech-team",
            "permission": "pull",
            "privacy": "closed",
            "slug": "verify-tech-team"
          }
        }
      ]
    },
    {
      "module": "module.user_tomrosier",
      "mode": "data",
      "type": "github_team",
      "name": "tech_team",
      "provider": "provider.github",
      "instances": [
        {
          "schema_version": 0,
          "attributes": {
            "description": "Verify Tech Team",
            "id": "2830432",
            "members": [
              "idrop",
              "46bit",
              "galund",
              "issyl0",
              "mrwilson",
              "philandstuff",
              "chrisholmes",
              "Krenair",
              "thomasalanlee",
              "mmhmm",
              "tlwr",
              "kerrr",
              "instantiator",
              "zilnhoj",
              "Todai88",
              "robinmitra",
              "brenetic",
              "nacnudus",
              "CharlesIC",
              "jkunle",
              "sakisv",
              "stephengrier",
              "ronocg",
              "Rosa-Fox",
              "AnneCarr",
              "ida-build-bot",
              "chrisclayson",
              "smford",
              "blairboy362",
              "Wynndow"
            ],
            "name": "verify-tech-team",
            "permission": "pull",
            "privacy": "closed",
            "slug": "verify-tech-team"
          }
        }
      ]
    },
    {
      "module": "module.user_idacodacybot",
      "mode": "data",
      "type": "github_team",
      "name": "tech_team",
      "provider": "provider.github",
      "instances": [
        {
          "schema_version": 0,
          "attributes": {
            "description": "Verify Tech Team",
            "id": "2830432",
            "members": [
              "idrop",
              "46bit",
              "galund",
              "issyl0",
              "mrwilson",
              "philandstuff",
              "chrisholmes",
              "Krenair",
              "thomasalanlee",
              "mmhmm",
              "tlwr",
              "kerrr",
              "instantiator",
              "zilnhoj",
              "Todai88",
              "robinmitra",
              "brenetic",
              "nacnudus",
              "CharlesIC",
              "jkunle",
              "sakisv",
              "stephengrier",
              "ronocg",
              "Rosa-Fox",
              "AnneCarr",
              "ida-build-bot",
              "chrisclayson",
              "smford",
              "blairboy362",
              "Wynndow"
            ],
            "name": "verify-tech-team",
            "permission": "pull",
            "privacy": "closed",
            "slug": "verify-tech-team"
          }
        }
      ]
    },
    {
      "module": "module.user_mariaslo",
      "mode": "data",
      "type": "github_team",
      "name": "tech_team",
      "provider": "provider.github",
      "instances": [
        {
          "schema_version": 0,
          "attributes": {
            "description": "Verify Tech Team",
            "id": "2830432",
            "members": [
              "idrop",
              "46bit",
              "galund",
              "issyl0",
              "mrwilson",
              "philandstuff",
              "chrisholmes",
              "Krenair",
              "thomasalanlee",
              "mmhmm",
              "tlwr",
              "kerrr",
              "instantiator",
              "zilnhoj",
              "Todai88",
              "robinmitra",
              "brenetic",
              "nacnudus",
              "CharlesIC",
              "jkunle",
              "sakisv",
              "stephengrier",
              "ronocg",
              "Rosa-Fox",
              "AnneCarr",
              "ida-build-bot",
              "chrisclayson",
              "smford",
              "blairboy362",
              "Wynndow"
            ],
            "name": "verify-tech-team",
            "permission": "pull",
            "privacy": "closed",
            "slug": "verify-tech-team"
          }
        }
      ]
    },
    {
      "module": "module.user_sakisv",
      "mode": "data",
      "type": "github_team",
      "name": "tech_team",
      "provider": "provider.github",
      "instances": [
        {
          "schema_version": 0,
          "attributes": {
            "description": "Verify Tech Team",
            "id": "2830432",
            "members": [
              "idrop",
              "46bit",
              "galund",
              "issyl0",
              "mrwilson",
              "philandstuff",
              "chrisholmes",
              "Krenair",
              "thomasalanlee",
              "mmhmm",
              "tlwr",
              "kerrr",
              "instantiator",
              "zilnhoj",
              "Todai88",
              "robinmitra",
              "brenetic",
              "nacnudus",
              "CharlesIC",
              "jkunle",
              "sakisv",
              "stephengrier",
              "ronocg",
              "Rosa-Fox",
              "AnneCarr",
              "ida-build-bot",
              "chrisclayson",
              "smford",
              "blairboy362",
              "Wynndow"
            ],
            "name": "verify-tech-team",
            "permission": "pull",
            "privacy": "closed",
            "slug": "verify-tech-team"
          }
        }
      ]
    },
    {
      "module": "module.user_adityapahuja",
      "mode": "data",
      "type": "github_team",
      "name": "tech_team",
      "provider": "provider.github",
      "instances": [
        {
          "schema_version": 0,
          "attributes": {
            "description": "Verify Tech Team",
            "id": "2830432",
            "members": [
              "idrop",
              "46bit",
              "galund",
              "issyl0",
              "mrwilson",
              "philandstuff",
              "chrisholmes",
              "Krenair",
              "thomasalanlee",
              "mmhmm",
              "tlwr",
              "kerrr",
              "instantiator",
              "zilnhoj",
              "Todai88",
              "robinmitra",
              "brenetic",
              "nacnudus",
              "CharlesIC",
              "jkunle",
              "sakisv",
              "stephengrier",
              "ronocg",
              "Rosa-Fox",
              "AnneCarr",
              "ida-build-bot",
              "chrisclayson",
              "smford",
              "blairboy362",
              "Wynndow"
            ],
            "name": "verify-tech-team",
            "permission": "pull",
            "privacy": "closed",
            "slug": "verify-tech-team"
          }
        }
      ]
    },
    {
      "module": "module.user_alex_monk",
      "mode": "data",
      "type": "github_team",
      "name": "tech_team",
      "provider": "provider.github",
      "instances": [
        {
          "schema_version": 0,
          "attributes": {
            "description": "Verify Tech Team",
            "id": "2830432",
            "members": [
              "idrop",
              "46bit",
              "galund",
              "issyl0",
              "mrwilson",
              "philandstuff",
              "chrisholmes",
              "Krenair",
              "thomasalanlee",
              "mmhmm",
              "tlwr",
              "kerrr",
              "instantiator",
              "zilnhoj",
              "Todai88",
              "robinmitra",
              "brenetic",
              "nacnudus",
              "CharlesIC",
              "jkunle",
              "sakisv",
              "stephengrier",
              "ronocg",
              "Rosa-Fox",
              "AnneCarr",
              "ida-build-bot",
              "chrisclayson",
              "smford",
              "blairboy362",
              "Wynndow"
            ],
            "name": "verify-tech-team",
            "permission": "pull",
            "privacy": "closed",
            "slug": "verify-tech-team"
          }
        }
      ]
    },
    {
      "module": "module.user_racinghippo",
      "mode": "data",
      "type": "github_team",
      "name": "tech_team",
      "provider": "provider.github",
      "instances": [
        {
          "schema_version": 0,
          "attributes": {
            "description": "Verify Tech Team",
            "id": "2830432",
            "members": [
              "idrop",
              "46bit",
              "galund",
              "issyl0",
              "mrwilson",
              "philandstuff",
              "chrisholmes",
              "Krenair",
              "thomasalanlee",
              "mmhmm",
              "tlwr",
              "kerrr",
              "instantiator",
              "zilnhoj",
              "Todai88",
              "robinmitra",
              "brenetic",
              "nacnudus",
              "CharlesIC",
              "jkunle",
              "sakisv",
              "stephengrier",
              "ronocg",
              "Rosa-Fox",
              "AnneCarr",
              "ida-build-bot",
              "chrisclayson",
              "smford",
              "blairboy362",
              "Wynndow"
            ],
            "name": "verify-tech-team",
            "permission": "pull",
            "privacy": "closed",
            "slug": "verify-tech-team"
          }
        }
      ]
    },
    {
      "module": "module.user_jkunle",
      "mode": "data",
      "type": "github_team",
      "name": "tech_team",
      "provider": "provider.github",
      "instances": [
        {
          "schema_version": 0,
          "attributes": {
            "description": "Verify Tech Team",
            "id": "2830432",
            "members": [
              "idrop",
              "46bit",
              "galund",
              "issyl0",
              "mrwilson",
              "philandstuff",
              "chrisholmes",
              "Krenair",
              "thomasalanlee",
              "mmhmm",
              "tlwr",
              "kerrr",
              "instantiator",
              "zilnhoj",
              "Todai88",
              "robinmitra",
              "brenetic",
              "nacnudus",
              "CharlesIC",
              "jkunle",
              "sakisv",
              "stephengrier",
              "ronocg",
              "Rosa-Fox",
              "AnneCarr",
              "ida-build-bot",
              "chrisclayson",
              "smford",
              "blairboy362",
              "Wynndow"
            ],
            "name": "verify-tech-team",
            "permission": "pull",
            "privacy": "closed",
            "slug": "verify-tech-team"
          }
        }
      ]
    },
    {
      "module": "module.user_bravegrape",
      "mode": "data",
      "type": "github_team",
      "name": "tech_team",
      "provider": "provider.github",
      "instances": [
        {
          "schema_version": 0,
          "attributes": {
            "description": "Verify Tech Team",
            "id": "2830432",
            "members": [
              "idrop",
              "46bit",
              "galund",
              "issyl0",
              "mrwilson",
              "philandstuff",
              "chrisholmes",
              "Krenair",
              "thomasalanlee",
              "mmhmm",
              "tlwr",
              "kerrr",
              "instantiator",
              "zilnhoj",
              "Todai88",
              "robinmitra",
              "brenetic",
              "nacnudus",
              "CharlesIC",
              "jkunle",
              "sakisv",
              "stephengrier",
              "ronocg",
              "Rosa-Fox",
              "AnneCarr",
              "ida-build-bot",
              "chrisclayson",
              "smford",
              "blairboy362",
              "Wynndow"
            ],
            "name": "verify-tech-team",
            "permission": "pull",
            "privacy": "closed",
            "slug": "verify-tech-team"
          }
        }
      ]
    },
    {
      "module": "module.user_chrisclayson",
      "mode": "data",
      "type": "github_team",
      "name": "tech_team",
      "provider": "provider.github",
      "instances": [
        {
          "schema_version": 0,
          "attributes": {
            "description": "Verify Tech Team",
            "id": "2830432",
            "members": [
              "idrop",
              "46bit",
              "galund",
              "issyl0",
              "mrwilson",
              "philandstuff",
              "chrisholmes",
              "Krenair",
              "thomasalanlee",
              "mmhmm",
              "tlwr",
              "kerrr",
              "instantiator",
              "zilnhoj",
              "Todai88",
              "robinmitra",
              "brenetic",
              "nacnudus",
              "CharlesIC",
              "jkunle",
              "sakisv",
              "stephengrier",
              "ronocg",
              "Rosa-Fox",
              "AnneCarr",
              "ida-build-bot",
              "chrisclayson",
              "smford",
              "blairboy362",
              "Wynndow"
            ],
            "name": "verify-tech-team",
            "permission": "pull",
            "privacy": "closed",
            "slug": "verify-tech-team"
          }
        }
      ]
    },
    {
      "module": "module.user_galund",
      "mode": "data",
      "type": "github_team",
      "name": "tech_team",
      "provider": "provider.github",
      "instances": [
        {
          "schema_version": 0,
          "attributes": {
            "description": "Verify Tech Team",
            "id": "2830432",
            "members": [
              "idrop",
              "46bit",
              "galund",
              "issyl0",
              "mrwilson",
              "philandstuff",
              "chrisholmes",
              "Krenair",
              "thomasalanlee",
              "mmhmm",
              "tlwr",
              "kerrr",
              "instantiator",
              "zilnhoj",
              "Todai88",
              "robinmitra",
              "brenetic",
              "nacnudus",
              "CharlesIC",
              "jkunle",
              "sakisv",
              "stephengrier",
              "ronocg",
              "Rosa-Fox",
              "AnneCarr",
              "ida-build-bot",
              "chrisclayson",
              "smford",
              "blairboy362",
              "Wynndow"
            ],
            "name": "verify-tech-team",
            "permission": "pull",
            "privacy": "closed",
            "slug": "verify-tech-team"
          }
        }
      ]
    },
    {
      "module": "module.user_jstandring_gds",
      "mode": "data",
      "type": "github_team",
      "name": "tech_team",
      "provider": "provider.github",
      "instances": [
        {
          "schema_version": 0,
          "attributes": {
            "description": "Verify Tech Team",
            "id": "2830432",
            "members": [
              "idrop",
              "46bit",
              "galund",
              "issyl0",
              "mrwilson",
              "philandstuff",
              "chrisholmes",
              "Krenair",
              "thomasalanlee",
              "mmhmm",
              "tlwr",
              "kerrr",
              "instantiator",
              "zilnhoj",
              "Todai88",
              "robinmitra",
              "brenetic",
              "nacnudus",
              "CharlesIC",
              "jkunle",
              "sakisv",
              "stephengrier",
              "ronocg",
              "Rosa-Fox",
              "AnneCarr",
              "ida-build-bot",
              "chrisclayson",
              "smford",
              "blairboy362",
              "Wynndow"
            ],
            "name": "verify-tech-team",
            "permission": "pull",
            "privacy": "closed",
            "slug": "verify-tech-team"
          }
        }
      ]
    },
    {
      "module": "module.user_benjamin_mortimer",
      "mode": "data",
      "type": "github_team",
      "name": "tech_team",
      "provider": "provider.github",
      "instances": [
        {
          "schema_version": 0,
          "attributes": {
            "description": "Verify Tech Team",
            "id": "2830432",
            "members": [
              "idrop",
              "46bit",
              "galund",
              "issyl0",
              "mrwilson",
              "philandstuff",
              "chrisholmes",
              "Krenair",
              "thomasalanlee",
              "mmhmm",
              "tlwr",
              "kerrr",
              "instantiator",
              "zilnhoj",
              "Todai88",
              "robinmitra",
              "brenetic",
              "nacnudus",
              "CharlesIC",
              "jkunle",
              "sakisv",
              "stephengrier",
              "ronocg",
              "Rosa-Fox",
              "AnneCarr",
              "ida-build-bot",
              "chrisclayson",
              "smford",
              "blairboy362",
              "Wynndow"
            ],
            "name": "verify-tech-team",
            "permission": "pull",
            "privacy": "closed",
            "slug": "verify-tech-team"
          }
        }
      ]
    },
    {
      "module": "module.user_smford",
      "mode": "data",
      "type": "github_team",
      "name": "tech_team",
      "provider": "provider.github",
      "instances": [
        {
          "schema_version": 0,
          "attributes": {
            "description": "Verify Tech Team",
            "id": "2830432",
            "members": [
              "idrop",
              "46bit",
              "galund",
              "issyl0",
              "mrwilson",
              "philandstuff",
              "chrisholmes",
              "Krenair",
              "thomasalanlee",
              "mmhmm",
              "tlwr",
              "kerrr",
              "instantiator",
              "zilnhoj",
              "Todai88",
              "robinmitra",
              "brenetic",
              "nacnudus",
              "CharlesIC",
              "jkunle",
              "sakisv",
              "stephengrier",
              "ronocg",
              "Rosa-Fox",
              "AnneCarr",
              "ida-build-bot",
              "chrisclayson",
              "smford",
              "blairboy362",
              "Wynndow"
            ],
            "name": "verify-tech-team",
            "permission": "pull",
            "privacy": "closed",
            "slug": "verify-tech-team"
          }
        }
      ]
    },
    {
      "module": "module.user_alexandergeegds",
      "mode": "data",
      "type": "github_team",
      "name": "tech_team",
      "provider": "provider.github",
      "instances": [
        {
          "schema_version": 0,
          "attributes": {
            "description": "Verify Tech Team",
            "id": "2830432",
            "members": [
              "idrop",
              "46bit",
              "galund",
              "issyl0",
              "mrwilson",
              "philandstuff",
              "chrisholmes",
              "Krenair",
              "thomasalanlee",
              "mmhmm",
              "tlwr",
              "kerrr",
              "instantiator",
              "zilnhoj",
              "Todai88",
              "robinmitra",
              "brenetic",
              "nacnudus",
              "CharlesIC",
              "jkunle",
              "sakisv",
              "stephengrier",
              "ronocg",
              "Rosa-Fox",
              "AnneCarr",
              "ida-build-bot",
              "chrisclayson",
              "smford",
              "blairboy362",
              "Wynndow"
            ],
            "name": "verify-tech-team",
            "permission": "pull",
            "privacy": "closed",
            "slug": "verify-tech-team"
          }
        }
      ]
    },
    {
      "module": "module.user_rosa_fox",
      "mode": "managed",
      "type": "github_team_membership",
      "name": "team_membership",
      "each": "list",
      "provider": "provider.github",
      "instances": [
        {
          "index_key": 0,
          "schema_version": 0,
          "attributes": {
            "etag": "W/\"46e7e709d94a4ed2f95a0ac94ea9a66e\"",
            "id": "2826122:Rosa-Fox",
            "role": "member",
            "team_id": "2826122",
            "username": "Rosa-Fox"
          }
        }
      ]
    },
    {
      "module": "module.user_szd55gds",
      "mode": "managed",
      "type": "github_team_membership",
      "name": "team_membership",
      "each": "list",
      "provider": "provider.github",
      "instances": [
        {
          "index_key": 0,
          "schema_version": 0,
          "attributes": {
            "etag": "W/\"01220a7ad4fc52c089b1fbbd8e2292f1\"",
            "id": "2826127:szd55gds",
            "role": "member",
            "team_id": "2826127",
            "username": "szd55gds"
          }
        }
      ]
    },
    {
      "module": "module.user_nacnudus",
      "mode": "managed",
      "type": "github_team_membership",
      "name": "team_membership",
      "each": "list",
      "provider": "provider.github",
      "instances": [
        {
          "index_key": 0,
          "schema_version": 0,
          "attributes": {
            "etag": "W/\"bc81fe10581b4bca3ef8e80a32d3d93b\"",
            "id": "2826122:nacnudus",
            "role": "member",
            "team_id": "2826122",
            "username": "nacnudus"
          }
        }
      ]
    },
    {
      "module": "module.user_charlesic",
      "mode": "managed",
      "type": "github_team_membership",
      "name": "team_membership",
      "each": "list",
      "provider": "provider.github",
      "instances": [
        {
          "index_key": 0,
          "schema_version": 0,
          "attributes": {
            "etag": "W/\"9957ad7f174469c273b0df9b491ec6fe\"",
            "id": "2826122:CharlesIC",
            "role": "maintainer",
            "team_id": "2826122",
            "username": "CharlesIC"
          }
        },
        {
          "index_key": 1,
          "schema_version": 0,
          "attributes": {
            "etag": "W/\"4067cfecf50d8e76f48b93b7084b7a50\"",
            "id": "2826126:CharlesIC",
            "role": "maintainer",
            "team_id": "2826126",
            "username": "CharlesIC"
          }
        }
      ]
    },
    {
      "module": "module.user_todai88",
      "mode": "managed",
      "type": "github_team_membership",
      "name": "team_membership",
      "each": "list",
      "provider": "provider.github",
      "instances": [
        {
          "index_key": 0,
          "schema_version": 0,
          "attributes": {
            "etag": "W/\"6e2891da25063d9527ab0d4a707404a1\"",
            "id": "2826122:todai88",
            "role": "member",
            "team_id": "2826122",
            "username": "Todai88"
          }
        }
      ]
    },
    {
      "module": "module.user_alan_gds",
      "mode": "managed",
      "type": "github_team_membership",
      "name": "team_membership",
      "each": "list",
      "provider": "provider.github",
      "instances": [
        {
          "index_key": 0,
          "schema_version": 0,
          "attributes": {
            "etag": "W/\"9cd0a4017fda3e86742b0f648e89428a\"",
            "id": "2826122:alan-gds",
            "role": "member",
            "team_id": "2826122",
            "username": "alan-gds"
          }
        }
      ]
    },
    {
      "module": "module.user_robinmitra",
      "mode": "managed",
      "type": "github_team_membership",
      "name": "team_membership",
      "each": "list",
      "provider": "provider.github",
      "instances": [
        {
          "index_key": 0,
          "schema_version": 0,
          "attributes": {
            "etag": "W/\"9d5ab48e41d74a1b89aca85e523c7657\"",
            "id": "2826122:robinmitra",
            "role": "member",
            "team_id": "2826122",
            "username": "robinmitra"
          }
        }
      ]
    },
    {
      "module": "module.user_mrwilson",
      "mode": "managed",
      "type": "github_team_membership",
      "name": "team_membership",
      "each": "list",
      "provider": "provider.github",
      "instances": [
        {
          "index_key": 0,
          "schema_version": 0,
          "attributes": {
            "etag": "W/\"f5063db360e37b42ad1e5ad10799633b\"",
            "id": "2826122:mrwilson",
            "role": "member",
            "team_id": "2826122",
            "username": "mrwilson"
          }
        }
      ]
    },
    {
      "module": "module.user_amritsidhu",
      "mode": "managed",
      "type": "github_team_membership",
      "name": "team_membership",
      "each": "list",
      "provider": "provider.github",
      "instances": [
        {
          "index_key": 0,
          "schema_version": 0,
          "attributes": {
            "etag": "W/\"7878a6456fba30a309a952313a8ae4d7\"",
            "id": "2826122:AmritSidhu",
            "role": "member",
            "team_id": "2826122",
            "username": "AmritSidhu"
          }
        }
      ]
    },
    {
      "module": "module.user_michaelabenyohai",
      "mode": "managed",
      "type": "github_team_membership",
      "name": "team_membership",
      "each": "list",
      "provider": "provider.github",
      "instances": [
        {
          "index_key": 0,
          "schema_version": 0,
          "attributes": {
            "etag": "W/\"f8d957fcc097bef407bfdd517e3b85ec\"",
            "id": "2826122:michaelabenyohai",
            "role": "maintainer",
            "team_id": "2826122",
            "username": "michaelabenyohai"
          },
          "private": "bnVsbA=="
        },
        {
          "index_key": 1,
          "schema_version": 0,
          "attributes": {
            "etag": "W/\"96f55352aef13e4d3eb9bab5895b45d0\"",
            "id": "2826126:michaelabenyohai",
            "role": "maintainer",
            "team_id": "2826126",
            "username": "michaelabenyohai"
          },
          "private": "bnVsbA=="
        },
        {
          "index_key": 2,
          "schema_version": 0,
          "attributes": {
            "etag": "W/\"170bd868146aee8d3166df0e0cce0f06\"",
            "id": "2826127:michaelabenyohai",
            "role": "maintainer",
            "team_id": "2826127",
            "username": "michaelabenyohai"
          },
          "private": "bnVsbA=="
        }
      ]
    },
    {
      "module": "module.user_issyl0",
      "mode": "managed",
      "type": "github_team_membership",
      "name": "team_membership",
      "each": "list",
      "provider": "provider.github",
      "instances": [
        {
          "index_key": 0,
          "schema_version": 0,
          "attributes": {
            "etag": "W/\"df4b5e423565eb92625fe208f51703ac\"",
            "id": "2826122:issyl0",
            "role": "member",
            "team_id": "2826122",
            "username": "issyl0"
          },
          "private": "bnVsbA=="
        },
        {
          "index_key": 1,
          "schema_version": 0,
          "attributes": {
            "etag": "W/\"d28cd61855253398d48b644fb68e3d9f\"",
            "id": "2826127:issyl0",
            "role": "member",
            "team_id": "2826127",
            "username": "issyl0"
          },
          "private": "bnVsbA=="
        }
      ]
    },
    {
      "module": "module.user_brenetic",
      "mode": "managed",
      "type": "github_team_membership",
      "name": "team_membership",
      "each": "list",
      "provider": "provider.github",
      "instances": [
        {
          "index_key": 0,
          "schema_version": 0,
          "attributes": {
            "etag": "W/\"9faf63e30f5a02cc3346e62bb62ad1b3\"",
            "id": "2826122:brenetic",
            "role": "maintainer",
            "team_id": "2826122",
            "username": "brenetic"
          }
        }
      ]
    },
    {
      "module": "module.user_johnwattsgds",
      "mode": "managed",
      "type": "github_team_membership",
      "name": "team_membership",
      "each": "list",
      "provider": "provider.github",
      "instances": [
        {
          "index_key": 0,
          "schema_version": 0,
          "attributes": {
            "etag": "W/\"e85a3b1c5ad466cd6af212f1c6a56059\"",
            "id": "2826122:johnwattsgds",
            "role": "member",
            "team_id": "2826122",
            "username": "JohnWattsGDS"
          }
        },
        {
          "index_key": 1,
          "schema_version": 0,
          "attributes": {
            "etag": "W/\"37ebd602be0a78711d0b6c21e4b9443d\"",
            "id": "2826126:JohnWattsGDS",
            "role": "member",
            "team_id": "2826126",
            "username": "JohnWattsGDS"
          }
        }
      ]
    },
    {
      "module": "module.user_dbes_gds",
      "mode": "managed",
      "type": "github_team_membership",
      "name": "team_membership",
      "each": "list",
      "provider": "provider.github",
      "instances": [
        {
          "index_key": 0,
          "schema_version": 0,
          "attributes": {
            "etag": "W/\"a7025d74a7b965ad67920a2db7478f71\"",
            "id": "2826122:dbes-gds",
            "role": "member",
            "team_id": "2826122",
            "username": "dbes-gds"
          }
        },
        {
          "index_key": 1,
          "schema_version": 0,
          "attributes": {
            "etag": "W/\"c034868131346587cdad93d8c0d3f7cf\"",
            "id": "2826126:dbes-gds",
            "role": "member",
            "team_id": "2826126",
            "username": "dbes-gds"
          }
        }
      ]
    },
    {
      "module": "module.user_instantiator",
      "mode": "managed",
      "type": "github_team_membership",
      "name": "team_membership",
      "each": "list",
      "provider": "provider.github",
      "instances": [
        {
          "index_key": 0,
          "schema_version": 0,
          "attributes": {
            "etag": "W/\"17cad0d1ab9fb0b40fc7859b02050427\"",
            "id": "2826122:instantiator",
            "role": "member",
            "team_id": "2826122",
            "username": "instantiator"
          }
        },
        {
          "index_key": 1,
          "schema_version": 0,
          "attributes": {
            "etag": "W/\"7c7300625e0f556cec257d97fbf28f03\"",
            "id": "2826126:instantiator",
            "role": "member",
            "team_id": "2826126",
            "username": "instantiator"
          }
        }
      ]
    },
    {
      "module": "module.user_philandstuff",
      "mode": "managed",
      "type": "github_team_membership",
      "name": "team_membership",
      "each": "list",
      "provider": "provider.github",
      "instances": [
        {
          "index_key": 0,
          "schema_version": 0,
          "attributes": {
            "etag": "W/\"7be59fc09d6e486574fb58361002bd3e\"",
            "id": "2826122:philandstuff",
            "role": "member",
            "team_id": "2826122",
            "username": "philandstuff"
          },
          "private": "bnVsbA=="
        },
        {
          "index_key": 1,
          "schema_version": 0,
          "attributes": {
            "etag": "W/\"9792bcdd4e2011416d4e7505aa3f187b\"",
            "id": "2826127:philandstuff",
            "role": "member",
            "team_id": "2826127",
            "username": "philandstuff"
          },
          "private": "bnVsbA=="
        }
      ]
    },
    {
      "module": "module.user_idrop",
      "mode": "managed",
      "type": "github_team_membership",
      "name": "team_membership",
      "each": "list",
      "provider": "provider.github",
      "instances": [
        {
          "index_key": 0,
          "schema_version": 0,
          "attributes": {
            "etag": "W/\"35b2ae81d29ce594265fc1619328a917\"",
            "id": "2826122:idrop",
            "role": "member",
            "team_id": "2826122",
            "username": "idrop"
          }
        },
        {
          "index_key": 1,
          "schema_version": 0,
          "attributes": {
            "etag": "W/\"57edb09c1a7824443ca29cb6817f7a1d\"",
            "id": "2826126:idrop",
            "role": "member",
            "team_id": "2826126",
            "username": "idrop"
          }
        }
      ]
    },
    {
      "module": "module.user_thomasalanlee",
      "mode": "managed",
      "type": "github_team_membership",
      "name": "team_membership",
      "each": "list",
      "provider": "provider.github",
      "instances": [
        {
          "index_key": 0,
          "schema_version": 0,
          "attributes": {
            "etag": "W/\"f5fb9861bf361e7e4b01342ba29b68e5\"",
            "id": "2826122:thomasalanlee",
            "role": "maintainer",
            "team_id": "2826122",
            "username": "thomasalanlee"
          }
        },
        {
          "index_key": 1,
          "schema_version": 0,
          "attributes": {
            "etag": "W/\"209f0de7f984f21d0a6ea00e27366731\"",
            "id": "2826126:thomasalanlee",
            "role": "maintainer",
            "team_id": "2826126",
            "username": "thomasalanlee"
          }
        },
        {
          "index_key": 2,
          "schema_version": 0,
          "attributes": {
            "etag": "W/\"dfca1fc849182c9bca9f92938a6a8221\"",
            "id": "2826127:thomasalanlee",
            "role": "maintainer",
            "team_id": "2826127",
            "username": "thomasalanlee"
          }
        }
      ]
    },
    {
      "module": "module.user_kerrr",
      "mode": "managed",
      "type": "github_team_membership",
      "name": "team_membership",
      "each": "list",
      "provider": "provider.github",
      "instances": [
        {
          "index_key": 0,
          "schema_version": 0,
          "attributes": {
            "etag": "W/\"0edcadfeb6286880a5e5a821dfbd252f\"",
            "id": "2826122:kerrr",
            "role": "member",
            "team_id": "2826122",
            "username": "kerrr"
          }
        }
      ]
    },
    {
      "module": "module.user_zilnhoj",
      "mode": "managed",
      "type": "github_team_membership",
      "name": "team_membership",
      "each": "list",
      "provider": "provider.github",
      "instances": [
        {
          "index_key": 0,
          "schema_version": 0,
          "attributes": {
            "etag": "W/\"8404e4e1b8d6b8fd599aca5cef53fefc\"",
            "id": "2826122:zilnhoj",
            "role": "member",
            "team_id": "2826122",
            "username": "zilnhoj"
          }
        }
      ]
    },
    {
      "module": "module.user_annecarr",
      "mode": "managed",
      "type": "github_team_membership",
      "name": "team_membership",
      "each": "list",
      "provider": "provider.github",
      "instances": [
        {
          "index_key": 0,
          "schema_version": 0,
          "attributes": {
            "etag": "W/\"4fd12dd4076632b52f82eaaa0d845258\"",
            "id": "2826122:AnneCarr",
            "role": "member",
            "team_id": "2826122",
            "username": "AnneCarr"
          }
        }
      ]
    },
    {
      "module": "module.user_j_maynard",
      "mode": "managed",
      "type": "github_team_membership",
      "name": "team_membership",
      "each": "list",
      "provider": "provider.github",
      "instances": [
        {
          "index_key": 0,
          "schema_version": 0,
          "attributes": {
            "etag": "W/\"05e7cd9de2b41073d962756bb0791321\"",
            "id": "2826122:j-maynard",
            "role": "member",
            "team_id": "2826122",
            "username": "j-maynard"
          }
        }
      ]
    },
    {
      "module": "module.user_mhussein_gds",
      "mode": "managed",
      "type": "github_team_membership",
      "name": "team_membership",
      "each": "list",
      "provider": "provider.github",
      "instances": [
        {
          "index_key": 0,
          "schema_version": 0,
          "attributes": {
            "etag": "W/\"29f140a5087da34be2ef49bb957b7859\"",
            "id": "2826122:mhussein-gds",
            "role": "member",
            "team_id": "2826122",
            "username": "mhussein-gds"
          }
        }
      ]
    },
    {
      "module": "module.user_jhjava",
      "mode": "managed",
      "type": "github_team_membership",
      "name": "team_membership",
      "each": "list",
      "provider": "provider.github",
      "instances": [
        {
          "index_key": 0,
          "schema_version": 0,
          "attributes": {
            "etag": "W/\"d79b7506f060fab26575123e94ea7684\"",
            "id": "2826122:JHjava",
            "role": "maintainer",
            "team_id": "2826122",
            "username": "JHjava"
          }
        },
        {
          "index_key": 1,
          "schema_version": 0,
          "attributes": {
            "etag": "W/\"d6e99ef62a30b15daca38f43eadf07b5\"",
            "id": "2826126:JHjava",
            "role": "maintainer",
            "team_id": "2826126",
            "username": "JHjava"
          }
        }
      ]
    },
    {
      "module": "module.user_blairboy362",
      "mode": "managed",
      "type": "github_team_membership",
      "name": "team_membership",
      "each": "list",
      "provider": "provider.github",
      "instances": [
        {
          "index_key": 0,
          "schema_version": 0,
          "attributes": {
            "etag": "W/\"7ff15a3fa22323345589886162712d50\"",
            "id": "2826127:blairboy362",
            "role": "member",
            "team_id": "2826127",
            "username": "blairboy362"
          }
        }
      ]
    },
    {
      "module": "module.user_ida_build_bot",
      "mode": "managed",
      "type": "github_team_membership",
      "name": "team_membership",
      "each": "list",
      "provider": "provider.github",
      "instances": [
        {
          "index_key": 0,
          "schema_version": 0,
          "attributes": {
            "etag": "W/\"4795c0b050a734cfba380cb68508a8ca\"",
            "id": "2826122:ida-build-bot",
            "role": "member",
            "team_id": "2826122",
            "username": "ida-build-bot"
          }
        },
        {
          "index_key": 1,
          "schema_version": 0,
          "attributes": {
            "etag": "W/\"3e64b2dc0f48e0b7d45ed9eba8faf9d5\"",
            "id": "2826126:ida-build-bot",
            "role": "member",
            "team_id": "2826126",
            "username": "ida-build-bot"
          }
        }
      ]
    },
    {
      "module": "module.user_46bit",
      "mode": "managed",
      "type": "github_team_membership",
      "name": "team_membership",
      "each": "list",
      "provider": "provider.github",
      "instances": [
        {
          "index_key": 0,
          "schema_version": 0,
          "attributes": {
            "etag": "W/\"5802dc95a121f908b7d25064bbca5c7a\"",
            "id": "2826122:46bit",
            "role": "member",
            "team_id": "2826122",
            "username": "46bit"
          }
        },
        {
          "index_key": 1,
          "schema_version": 0,
          "attributes": {
            "etag": "W/\"bc7f9cfbfacb9f5d98c3c5db313468b9\"",
            "id": "2826127:46bit",
            "role": "member",
            "team_id": "2826127",
            "username": "46bit"
          }
        }
      ]
    },
    {
      "module": "module.user_sarahdean",
      "mode": "managed",
      "type": "github_team_membership",
      "name": "team_membership",
      "each": "list",
      "provider": "provider.github",
      "instances": [
        {
          "index_key": 0,
          "schema_version": 0,
          "attributes": {
            "etag": "W/\"7f114515407edea11210e4b7f7aa0f23\"",
            "id": "2826122:sarah-dean",
            "role": "member",
            "team_id": "2826122",
            "username": "sarah-dean"
          }
        }
      ]
    },
    {
      "module": "module.user_chris_wynne",
      "mode": "managed",
      "type": "github_team_membership",
      "name": "team_membership",
      "each": "list",
      "provider": "provider.github",
      "instances": [
        {
          "index_key": 0,
          "schema_version": 0,
          "attributes": {
            "etag": "W/\"46eeb353d7574e41c8eef6958091d117\"",
            "id": "2826122:Wynndow",
            "role": "member",
            "team_id": "2826122",
            "username": "Wynndow"
          }
        },
        {
          "index_key": 1,
          "schema_version": 0,
          "attributes": {
            "etag": "W/\"dbdda7df4636d494a47d7bea8235b528\"",
            "id": "2826126:Wynndow",
            "role": "member",
            "team_id": "2826126",
            "username": "Wynndow"
          }
        }
      ]
    },
    {
      "module": "module.user_ronocg",
      "mode": "managed",
      "type": "github_team_membership",
      "name": "team_membership",
      "each": "list",
      "provider": "provider.github",
      "instances": [
        {
          "index_key": 0,
          "schema_version": 0,
          "attributes": {
            "etag": "W/\"fe970d470883efde74a1788214c4fd1b\"",
            "id": "2826122:ronocg",
            "role": "member",
            "team_id": "2826122",
            "username": "ronocg"
          }
        }
      ]
    },
    {
      "module": "module.user_mmhmm",
      "mode": "managed",
      "type": "github_team_membership",
      "name": "team_membership",
      "each": "list",
      "provider": "provider.github",
      "instances": [
        {
          "index_key": 0,
          "schema_version": 0,
          "attributes": {
            "etag": "W/\"4f7f9e1d06ed632be34e27b2af9991fb\"",
            "id": "2826127:mmhmm",
            "role": "member",
            "team_id": "2826127",
            "username": "mmhmm"
          }
        }
      ]
    },
    {
      "module": "module.user_gdsnewt",
      "mode": "managed",
      "type": "github_team_membership",
      "name": "team_membership",
      "each": "list",
      "provider": "provider.github",
      "instances": [
        {
          "index_key": 0,
          "schema_version": 0,
          "attributes": {
            "etag": "W/\"6f8986974b8d03a8768fa91abdf464af\"",
            "id": "2826122:GDSNewt",
            "role": "member",
            "team_id": "2826122",
            "username": "GDSNewt"
          }
        }
      ]
    },
    {
      "module": "module.user_jakubmiarka",
      "mode": "managed",
      "type": "github_team_membership",
      "name": "team_membership",
      "each": "list",
      "provider": "provider.github",
      "instances": [
        {
          "index_key": 0,
          "schema_version": 0,
          "attributes": {
            "etag": "W/\"14db97b3a432100f1c206e453e0b30f3\"",
            "id": "2826122:jakubmiarka",
            "role": "maintainer",
            "team_id": "2826122",
            "username": "jakubmiarka"
          }
        }
      ]
    },
    {
      "module": "module.user_rhowe_gds",
      "mode": "managed",
      "type": "github_team_membership",
      "name": "team_membership",
      "each": "list",
      "provider": "provider.github",
      "instances": [
        {
          "index_key": 0,
          "schema_version": 0,
          "attributes": {
            "etag": "W/\"3653bc10066faa4b7d32ef348b63b43f\"",
            "id": "2826122:rhowe-gds",
            "role": "member",
            "team_id": "2826122",
            "username": "rhowe-gds"
          },
          "private": "bnVsbA=="
        },
        {
          "index_key": 1,
          "schema_version": 0,
          "attributes": {
            "etag": "W/\"e6cf2996cd53ed40cfa879a3ebed846f\"",
            "id": "2826127:rhowe-gds",
            "role": "member",
            "team_id": "2826127",
            "username": "rhowe-gds"
          },
          "private": "bnVsbA=="
        }
      ]
    },
    {
      "module": "module.user_coleni",
      "mode": "managed",
      "type": "github_team_membership",
      "name": "team_membership",
      "each": "list",
      "provider": "provider.github",
      "instances": [
        {
          "index_key": 0,
          "schema_version": 0,
          "attributes": {
            "etag": "W/\"64c38a194c0325b4dd6c31459d517a4a\"",
            "id": "2826122:coleni",
            "role": "member",
            "team_id": "2826122",
            "username": "coleni"
          }
        }
      ]
    },
    {
      "module": "module.user_tlwr",
      "mode": "managed",
      "type": "github_team_membership",
      "name": "team_membership",
      "each": "list",
      "provider": "provider.github",
      "instances": [
        {
          "index_key": 0,
          "schema_version": 0,
          "attributes": {
            "etag": "W/\"1245308d469577ae7cafa502d4df3788\"",
            "id": "2826122:tlwr",
            "role": "member",
            "team_id": "2826122",
            "username": "tlwr"
          },
          "private": "bnVsbA=="
        },
        {
          "index_key": 1,
          "schema_version": 0,
          "attributes": {
            "etag": "W/\"9999d517c0d77856ede832db7ee533de\"",
            "id": "2826127:tlwr",
            "role": "member",
            "team_id": "2826127",
            "username": "tlwr"
          },
          "private": "bnVsbA=="
        }
      ]
    },
    {
      "module": "module.user_chrisholmes",
      "mode": "managed",
      "type": "github_team_membership",
      "name": "team_membership",
      "each": "list",
      "provider": "provider.github",
      "instances": [
        {
          "index_key": 0,
          "schema_version": 0,
          "attributes": {
            "etag": "W/\"d57b46f0207eb2b5b734b78a108c4d49\"",
            "id": "2826122:chrisholmes",
            "role": "maintainer",
            "team_id": "2826122",
            "username": "chrisholmes"
          }
        },
        {
          "index_key": 1,
          "schema_version": 0,
          "attributes": {
            "etag": "W/\"f5a138606e8292479284f9c0268c997a\"",
            "id": "2826126:chrisholmes",
            "role": "maintainer",
            "team_id": "2826126",
            "username": "chrisholmes"
          }
        },
        {
          "index_key": 2,
          "schema_version": 0,
          "attributes": {
            "etag": "W/\"47aa4d7a5685d5e5a7bf288a0f8d8edc\"",
            "id": "2826127:chrisholmes",
            "role": "maintainer",
            "team_id": "2826127",
            "username": "chrisholmes"
          }
        }
      ]
    },
    {
      "module": "module.user_andy_paine",
      "mode": "managed",
      "type": "github_team_membership",
      "name": "team_membership",
      "each": "list",
      "provider": "provider.github",
      "instances": [
        {
          "index_key": 0,
          "schema_version": 0,
          "attributes": {
            "etag": "W/\"59b880ce3bc5c888e8a8c59c527de88c\"",
            "id": "2826122:andy-paine",
            "role": "member",
            "team_id": "2826122",
            "username": "andy-paine"
          },
          "private": "bnVsbA=="
        },
        {
          "index_key": 1,
          "schema_version": 0,
          "attributes": {
            "etag": "W/\"74da92e2716ecb9d87fa92953ebfb485\"",
            "id": "2826127:andy-paine",
            "role": "member",
            "team_id": "2826127",
            "username": "andy-paine"
          },
          "private": "bnVsbA=="
        }
      ]
    },
    {
      "module": "module.user_bjgill",
      "mode": "managed",
      "type": "github_team_membership",
      "name": "team_membership",
      "each": "list",
      "provider": "provider.github",
      "instances": [
        {
          "index_key": 0,
          "schema_version": 0,
          "attributes": {
            "etag": "W/\"350451ef52b36188758f9d343ff438f2\"",
            "id": "2826122:bjgill",
            "role": "member",
            "team_id": "2826122",
            "username": "bjgill"
          }
        }
      ]
    },
    {
      "module": "module.user_danielblair",
      "mode": "managed",
      "type": "github_team_membership",
      "name": "team_membership",
      "each": "list",
      "provider": "provider.github",
      "instances": [
        {
          "index_key": 0,
          "schema_version": 0,
          "attributes": {
            "etag": "W/\"2012f17b0d243ad3b6775e0537fb4c4b\"",
            "id": "2826122:blairboy362",
            "role": "member",
            "team_id": "2826122",
            "username": "blairboy362"
          }
        },
        {
          "index_key": 1,
          "schema_version": 0,
          "attributes": {
            "etag": "W/\"349b28e4030bef113ff6d89f01a30d61\"",
            "id": "2826126:blairboy362",
            "role": "member",
            "team_id": "2826126",
            "username": "blairboy362"
          }
        }
      ]
    },
    {
      "module": "module.user_tomrosier",
      "mode": "managed",
      "type": "github_team_membership",
      "name": "team_membership",
      "each": "list",
      "provider": "provider.github",
      "instances": [
        {
          "index_key": 0,
          "schema_version": 0,
          "attributes": {
            "etag": "W/\"5e3e3ef27f549cb6a5186feedf85dc90\"",
            "id": "2826122:tomrosier",
            "role": "member",
            "team_id": "2826122",
            "username": "tomrosier"
          }
        },
        {
          "index_key": 1,
          "schema_version": 0,
          "attributes": {
            "etag": "W/\"f3c2707ddfdedbb89b1990bef38f717b\"",
            "id": "2826126:tomrosier",
            "role": "member",
            "team_id": "2826126",
            "username": "tomrosier"
          }
        }
      ]
    },
    {
      "module": "module.user_idacodacybot",
      "mode": "managed",
      "type": "github_team_membership",
      "name": "team_membership",
      "each": "list",
      "provider": "provider.github",
      "instances": [
        {
          "index_key": 0,
          "schema_version": 0,
          "attributes": {
            "etag": "W/\"28da62836a9c0ba3fe1eae031d32ead2\"",
            "id": "2826122:ida-codacy-bot",
            "role": "member",
            "team_id": "2826122",
            "username": "ida-codacy-bot"
          }
        },
        {
          "index_key": 1,
          "schema_version": 0,
          "attributes": {
            "etag": "W/\"c4fc3f16b88f3af58c49e4f2a9ea7766\"",
            "id": "2826126:ida-codacy-bot",
            "role": "member",
            "team_id": "2826126",
            "username": "ida-codacy-bot"
          }
        }
      ]
    },
    {
      "module": "module.user_mariaslo",
      "mode": "managed",
      "type": "github_team_membership",
      "name": "team_membership",
      "each": "list",
      "provider": "provider.github",
      "instances": [
        {
          "index_key": 0,
          "schema_version": 0,
          "attributes": {
            "etag": "W/\"0217a0145abb3864c8fba325b0191841\"",
            "id": "2826122:Mariaslo",
            "role": "member",
            "team_id": "2826122",
            "username": "Mariaslo"
          }
        }
      ]
    },
    {
      "module": "module.user_sakisv",
      "mode": "managed",
      "type": "github_team_membership",
      "name": "team_membership",
      "each": "list",
      "provider": "provider.github",
      "instances": [
        {
          "index_key": 0,
          "schema_version": 0,
          "attributes": {
            "etag": "W/\"4ceafede16cf42e65982b5b3bd494e23\"",
            "id": "2826122:sakisv",
            "role": "member",
            "team_id": "2826122",
            "username": "sakisv"
          }
        },
        {
          "index_key": 1,
          "schema_version": 0,
          "attributes": {
            "etag": "W/\"22bba95e9b01b5829c843337767f612a\"",
            "id": "2826127:sakisv",
            "role": "member",
            "team_id": "2826127",
            "username": "sakisv"
          }
        }
      ]
    },
    {
      "module": "module.user_adityapahuja",
      "mode": "managed",
      "type": "github_team_membership",
      "name": "team_membership",
      "each": "list",
      "provider": "provider.github",
      "instances": [
        {
          "index_key": 0,
          "schema_version": 0,
          "attributes": {
            "etag": "W/\"e462e5d5780e065e797409183f7fa405\"",
            "id": "2826122:adityapahuja",
            "role": "member",
            "team_id": "2826122",
            "username": "adityapahuja"
          }
        },
        {
          "index_key": 1,
          "schema_version": 0,
          "attributes": {
            "etag": "W/\"750cca0eec56d2d416e06e3b7df4322c\"",
            "id": "2826127:adityapahuja",
            "role": "member",
            "team_id": "2826127",
            "username": "adityapahuja"
          }
        }
      ]
    },
    {
      "module": "module.user_alex_monk",
      "mode": "managed",
      "type": "github_team_membership",
      "name": "team_membership",
      "each": "list",
      "provider": "provider.github",
      "instances": [
        {
          "index_key": 0,
          "schema_version": 0,
          "attributes": {
            "etag": "W/\"3fe4fb0a12a9159d8de4af49d62a7955\"",
            "id": "2826122:Krenair",
            "role": "member",
            "team_id": "2826122",
            "username": "Krenair"
          }
        },
        {
          "index_key": 1,
          "schema_version": 0,
          "attributes": {
            "etag": "W/\"8bd474e068f072d6482ea6d895d4cfeb\"",
            "id": "2826127:Krenair",
            "role": "member",
            "team_id": "2826127",
            "username": "Krenair"
          }
        }
      ]
    },
    {
      "module": "module.user_racinghippo",
      "mode": "managed",
      "type": "github_team_membership",
      "name": "team_membership",
      "each": "list",
      "provider": "provider.github",
      "instances": [
        {
          "index_key": 0,
          "schema_version": 0,
          "attributes": {
            "etag": "W/\"228181788d2d3f7d939954c694581f27\"",
            "id": "2826122:RacingHippo",
            "role": "member",
            "team_id": "2826122",
            "username": "RacingHippo"
          }
        }
      ]
    },
    {
      "module": "module.user_jkunle",
      "mode": "managed",
      "type": "github_team_membership",
      "name": "team_membership",
      "each": "list",
      "provider": "provider.github",
      "instances": [
        {
          "index_key": 0,
          "schema_version": 0,
          "attributes": {
            "etag": "W/\"23fbcf6936f72bdd475ebbd33fd481a3\"",
            "id": "2826122:jkunle",
            "role": "member",
            "team_id": "2826122",
            "username": "jkunle"
          }
        }
      ]
    },
    {
      "module": "module.user_bravegrape",
      "mode": "managed",
      "type": "github_team_membership",
      "name": "team_membership",
      "each": "list",
      "provider": "provider.github",
      "instances": [
        {
          "index_key": 0,
          "schema_version": 0,
          "attributes": {
            "etag": "W/\"2b312514655c907924ceef646e3b58d1\"",
            "id": "2826122:bravegrape",
            "role": "member",
            "team_id": "2826122",
            "username": "bravegrape"
          }
        }
      ]
    },
    {
      "module": "module.user_chrisclayson",
      "mode": "managed",
      "type": "github_team_membership",
      "name": "team_membership",
      "each": "list",
      "provider": "provider.github",
      "instances": [
        {
          "index_key": 0,
          "schema_version": 0,
          "attributes": {
            "etag": "W/\"62ff4e80d2ff2376f1c4bfb8bc200321\"",
            "id": "2826122:chrisclayson",
            "role": "member",
            "team_id": "2826122",
            "username": "chrisclayson"
          }
        }
      ]
    },
    {
      "module": "module.user_galund",
      "mode": "managed",
      "type": "github_team_membership",
      "name": "team_membership",
      "each": "list",
      "provider": "provider.github",
      "instances": [
        {
          "index_key": 0,
          "schema_version": 0,
          "attributes": {
            "etag": "W/\"2d4436fa8f891c08e6d1a85b1c374e4c\"",
            "id": "2826122:galund",
            "role": "member",
            "team_id": "2826122",
            "username": "galund"
          }
        }
      ]
    },
    {
      "module": "module.user_jstandring_gds",
      "mode": "managed",
      "type": "github_team_membership",
      "name": "team_membership",
      "each": "list",
      "provider": "provider.github",
      "instances": [
        {
          "index_key": 0,
          "schema_version": 0,
          "attributes": {
            "etag": "W/\"e6e6ed105c5fe446bc9064aa3f9c2cb9\"",
            "id": "2826127:jstandring-gds",
            "role": "member",
            "team_id": "2826127",
            "username": "jstandring-gds"
          }
        }
      ]
    },
    {
      "module": "module.user_benjamin_mortimer",
      "mode": "managed",
      "type": "github_team_membership",
      "name": "team_membership",
      "each": "list",
      "provider": "provider.github",
      "instances": [
        {
          "index_key": 0,
          "schema_version": 0,
          "attributes": {
            "etag": "W/\"ea08ee07dc1665eb35dacb8aa033a216\"",
            "id": "2826122:benjamin-mortimer",
            "role": "member",
            "team_id": "2826122",
            "username": "benjamin-mortimer"
          }
        },
        {
          "index_key": 1,
          "schema_version": 0,
          "attributes": {
            "etag": "W/\"07a434fd8d7bf339912fa62408e7db46\"",
            "id": "2826126:benjamin-mortimer",
            "role": "member",
            "team_id": "2826126",
            "username": "benjamin-mortimer"
          }
        }
      ]
    },
    {
      "module": "module.user_smford",
      "mode": "managed",
      "type": "github_team_membership",
      "name": "team_membership",
      "each": "list",
      "provider": "provider.github",
      "instances": [
        {
          "index_key": 0,
          "schema_version": 0,
          "attributes": {
            "etag": "W/\"c555a21eaa7f3aaac65856a96134db65\"",
            "id": "2826127:smford",
            "role": "member",
            "team_id": "2826127",
            "username": "smford"
          },
          "private": "bnVsbA=="
        }
      ]
    },
    {
      "module": "module.user_alexandergeegds",
      "mode": "managed",
      "type": "github_team_membership",
      "name": "team_membership",
      "each": "list",
      "provider": "provider.github",
      "instances": [
        {
          "index_key": 0,
          "schema_version": 0,
          "attributes": {
            "etag": "W/\"ab895587cf02348fe7f6816fea074d18\"",
            "id": "2826122:alexandergeegds",
            "role": "member",
            "team_id": "2826122",
            "username": "alexandergeegds"
          }
        }
      ]
    },
    {
      "module": "module.user_rosa_fox",
      "mode": "managed",
      "type": "github_team_membership",
      "name": "tech_team_approver",
      "each": "list",
      "provider": "provider.github",
      "instances": [
        {
          "index_key": 0,
          "schema_version": 0,
          "attributes": {
            "etag": "W/\"3a22c0a456a4fd6bdb1c3d7d317c35a8\"",
            "id": "3101758:Rosa-Fox",
            "role": "member",
            "team_id": "3101758",
            "username": "Rosa-Fox"
          },
          "depends_on": [
            "data.github_team.approvers_team"
          ]
        }
      ]
    },
    {
      "module": "module.user_szd55gds",
      "mode": "managed",
      "type": "github_team_membership",
      "name": "tech_team_approver",
      "each": "list",
      "provider": "provider.github",
      "instances": [
        {
          "index_key": 0,
          "schema_version": 0,
          "attributes": {
            "etag": "W/\"f277581374f67811ec5b3ba94b411b32\"",
            "id": "3101758:szd55gds",
            "role": "member",
            "team_id": "3101758",
            "username": "szd55gds"
          },
          "depends_on": [
            "data.github_team.approvers_team"
          ]
        }
      ]
    },
    {
      "module": "module.user_nacnudus",
      "mode": "managed",
      "type": "github_team_membership",
      "name": "tech_team_approver",
      "each": "list",
      "provider": "provider.github",
      "instances": []
    },
    {
      "module": "module.user_charlesic",
      "mode": "managed",
      "type": "github_team_membership",
      "name": "tech_team_approver",
      "each": "list",
      "provider": "provider.github",
      "instances": [
        {
          "index_key": 0,
          "schema_version": 0,
          "attributes": {
            "etag": "W/\"3295a848477e4138ad66593aecf4e18c\"",
            "id": "3101758:CharlesIC",
            "role": "member",
            "team_id": "3101758",
            "username": "CharlesIC"
          },
          "private": "bnVsbA==",
          "depends_on": [
            "data.github_team.approvers_team"
          ]
        }
      ]
    },
    {
      "module": "module.user_todai88",
      "mode": "managed",
      "type": "github_team_membership",
      "name": "tech_team_approver",
      "each": "list",
      "provider": "provider.github",
      "instances": []
    },
    {
      "module": "module.user_alan_gds",
      "mode": "managed",
      "type": "github_team_membership",
      "name": "tech_team_approver",
      "each": "list",
      "provider": "provider.github",
      "instances": [
        {
          "index_key": 0,
          "schema_version": 0,
          "attributes": {
            "etag": "W/\"cd5d828f326173bd3f02b1eef85ef42a\"",
            "id": "3101758:alan-gds",
            "role": "member",
            "team_id": "3101758",
            "username": "alan-gds"
          },
          "depends_on": [
            "data.github_team.approvers_team"
          ]
        }
      ]
    },
    {
      "module": "module.user_robinmitra",
      "mode": "managed",
      "type": "github_team_membership",
      "name": "tech_team_approver",
      "each": "list",
      "provider": "provider.github",
      "instances": [
        {
          "index_key": 0,
          "schema_version": 0,
          "attributes": {
            "etag": "W/\"b82c1d8ca01d04173f641c006187afdc\"",
            "id": "3101758:robinmitra",
            "role": "member",
            "team_id": "3101758",
            "username": "robinmitra"
          },
          "depends_on": [
            "data.github_team.approvers_team"
          ]
        }
      ]
    },
    {
      "module": "module.user_mrwilson",
      "mode": "managed",
      "type": "github_team_membership",
      "name": "tech_team_approver",
      "each": "list",
      "provider": "provider.github",
      "instances": [
        {
          "index_key": 0,
          "schema_version": 0,
          "attributes": {
            "etag": "W/\"a2731056a32ce9ecb2d0a160c1f5b11a\"",
            "id": "3101758:mrwilson",
            "role": "member",
            "team_id": "3101758",
            "username": "mrwilson"
          },
          "depends_on": [
            "data.github_team.approvers_team"
          ]
        }
      ]
    },
    {
      "module": "module.user_amritsidhu",
      "mode": "managed",
      "type": "github_team_membership",
      "name": "tech_team_approver",
      "each": "list",
      "provider": "provider.github",
      "instances": [
        {
          "index_key": 0,
          "schema_version": 0,
          "attributes": {
            "etag": "W/\"dabafeaf9b9ac3723f40de7b3365c78a\"",
            "id": "3101758:AmritSidhu",
            "role": "member",
            "team_id": "3101758",
            "username": "AmritSidhu"
          },
          "depends_on": [
            "data.github_team.approvers_team"
          ]
        }
      ]
    },
    {
      "module": "module.user_michaelabenyohai",
      "mode": "managed",
      "type": "github_team_membership",
      "name": "tech_team_approver",
      "each": "list",
      "provider": "provider.github",
      "instances": [
        {
          "index_key": 0,
          "schema_version": 0,
          "attributes": {
            "etag": "W/\"7df050d86a52f9fab20c76fadd22f8d7\"",
            "id": "3101758:michaelabenyohai",
            "role": "maintainer",
            "team_id": "3101758",
            "username": "michaelabenyohai"
          },
          "private": "bnVsbA==",
          "depends_on": [
            "data.github_team.approvers_team"
          ]
        }
      ]
    },
    {
      "module": "module.user_issyl0",
      "mode": "managed",
      "type": "github_team_membership",
      "name": "tech_team_approver",
      "each": "list",
      "provider": "provider.github",
      "instances": [
        {
          "index_key": 0,
          "schema_version": 0,
          "attributes": {
            "etag": "W/\"455b3fd8e2dcb3f28507463ac9e93a8e\"",
            "id": "3101758:issyl0",
            "role": "member",
            "team_id": "3101758",
            "username": "issyl0"
          },
          "private": "bnVsbA==",
          "depends_on": [
            "data.github_team.approvers_team"
          ]
        }
      ]
    },
    {
      "module": "module.user_brenetic",
      "mode": "managed",
      "type": "github_team_membership",
      "name": "tech_team_approver",
      "each": "list",
      "provider": "provider.github",
      "instances": [
        {
          "index_key": 0,
          "schema_version": 0,
          "attributes": {
            "etag": "W/\"3061209cd8a8dd7f62af6185a1f6c8c6\"",
            "id": "3101758:brenetic",
            "role": "member",
            "team_id": "3101758",
            "username": "brenetic"
          },
          "private": "bnVsbA==",
          "depends_on": [
            "data.github_team.approvers_team"
          ]
        }
      ]
    },
    {
      "module": "module.user_johnwattsgds",
      "mode": "managed",
      "type": "github_team_membership",
      "name": "tech_team_approver",
      "each": "list",
      "provider": "provider.github",
      "instances": [
        {
          "index_key": 0,
          "schema_version": 0,
          "attributes": {
            "etag": "W/\"92eb40e8ed22f98ddb0f32357402868b\"",
            "id": "3101758:JohnWattsGDS",
            "role": "member",
            "team_id": "3101758",
            "username": "JohnWattsGDS"
          },
          "depends_on": [
            "data.github_team.approvers_team"
          ]
        }
      ]
    },
    {
      "module": "module.user_dbes_gds",
      "mode": "managed",
      "type": "github_team_membership",
      "name": "tech_team_approver",
      "each": "list",
      "provider": "provider.github",
      "instances": [
        {
          "index_key": 0,
          "schema_version": 0,
          "attributes": {
            "etag": "W/\"0cf5f66f9c136a4b8e47728bfc36e175\"",
            "id": "3101758:dbes-gds",
            "role": "member",
            "team_id": "3101758",
            "username": "dbes-gds"
          },
          "depends_on": [
            "data.github_team.approvers_team"
          ]
        }
      ]
    },
    {
      "module": "module.user_instantiator",
      "mode": "managed",
      "type": "github_team_membership",
      "name": "tech_team_approver",
      "each": "list",
      "provider": "provider.github",
      "instances": []
    },
    {
      "module": "module.user_philandstuff",
      "mode": "managed",
      "type": "github_team_membership",
      "name": "tech_team_approver",
      "each": "list",
      "provider": "provider.github",
      "instances": [
        {
          "index_key": 0,
          "schema_version": 0,
          "attributes": {
            "etag": "W/\"b21453fc65dbf46073081cad74c00576\"",
            "id": "3101758:philandstuff",
            "role": "member",
            "team_id": "3101758",
            "username": "philandstuff"
          },
          "private": "bnVsbA==",
          "depends_on": [
            "data.github_team.approvers_team"
          ]
        }
      ]
    },
    {
      "module": "module.user_idrop",
      "mode": "managed",
      "type": "github_team_membership",
      "name": "tech_team_approver",
      "each": "list",
      "provider": "provider.github",
      "instances": [
        {
          "index_key": 0,
          "schema_version": 0,
          "attributes": {
            "etag": "W/\"26b262d4c1f3956bf89371fd79ec0c9e\"",
            "id": "3101758:idrop",
            "role": "member",
            "team_id": "3101758",
            "username": "idrop"
          },
          "depends_on": [
            "data.github_team.approvers_team"
          ]
        }
      ]
    },
    {
      "module": "module.user_thomasalanlee",
      "mode": "managed",
      "type": "github_team_membership",
      "name": "tech_team_approver",
      "each": "list",
      "provider": "provider.github",
      "instances": [
        {
          "index_key": 0,
          "schema_version": 0,
          "attributes": {
            "etag": "W/\"8189e765349a254bae475d475506fcf0\"",
            "id": "3101758:thomasalanlee",
            "role": "member",
            "team_id": "3101758",
            "username": "thomasalanlee"
          },
          "private": "bnVsbA==",
          "depends_on": [
            "data.github_team.approvers_team"
          ]
        }
      ]
    },
    {
      "module": "module.user_kerrr",
      "mode": "managed",
      "type": "github_team_membership",
      "name": "tech_team_approver",
      "each": "list",
      "provider": "provider.github",
      "instances": [
        {
          "index_key": 0,
          "schema_version": 0,
          "attributes": {
            "etag": "W/\"3991ee6ea5f206fe77bf11f2be44ea25\"",
            "id": "3101758:kerrr",
            "role": "member",
            "team_id": "3101758",
            "username": "kerrr"
          },
          "depends_on": [
            "data.github_team.approvers_team"
          ]
        }
      ]
    },
    {
      "module": "module.user_zilnhoj",
      "mode": "managed",
      "type": "github_team_membership",
      "name": "tech_team_approver",
      "each": "list",
      "provider": "provider.github",
      "instances": []
    },
    {
      "module": "module.user_annecarr",
      "mode": "managed",
      "type": "github_team_membership",
      "name": "tech_team_approver",
      "each": "list",
      "provider": "provider.github",
      "instances": []
    },
    {
      "module": "module.user_j_maynard",
      "mode": "managed",
      "type": "github_team_membership",
      "name": "tech_team_approver",
      "each": "list",
      "provider": "provider.github",
      "instances": []
    },
    {
      "module": "module.user_mhussein_gds",
      "mode": "managed",
      "type": "github_team_membership",
      "name": "tech_team_approver",
      "each": "list",
      "provider": "provider.github",
      "instances": [
        {
          "index_key": 0,
          "schema_version": 0,
          "attributes": {
            "etag": "W/\"65291a270c1388f776f4792f3e5155f4\"",
            "id": "3101758:mhussein-gds",
            "role": "member",
            "team_id": "3101758",
            "username": "mhussein-gds"
          },
          "depends_on": [
            "data.github_team.approvers_team"
          ]
        }
      ]
    },
    {
      "module": "module.user_jhjava",
      "mode": "managed",
      "type": "github_team_membership",
      "name": "tech_team_approver",
      "each": "list",
      "provider": "provider.github",
      "instances": [
        {
          "index_key": 0,
          "schema_version": 0,
          "attributes": {
            "etag": "W/\"63d9f4038ee8a2ea73fa949f10ddface\"",
            "id": "3101758:JHjava",
            "role": "member",
            "team_id": "3101758",
            "username": "JHjava"
          },
          "private": "bnVsbA==",
          "depends_on": [
            "data.github_team.approvers_team"
          ]
        }
      ]
    },
    {
      "module": "module.user_blairboy362",
      "mode": "managed",
      "type": "github_team_membership",
      "name": "tech_team_approver",
      "each": "list",
      "provider": "provider.github",
      "instances": [
        {
          "index_key": 0,
          "schema_version": 0,
          "attributes": {
            "etag": "W/\"9f36a8e86c8fa455a01fe8b6bbf1cb5c\"",
            "id": "3101758:blairboy362",
            "role": "member",
            "team_id": "3101758",
            "username": "blairboy362"
          },
          "depends_on": [
            "data.github_team.approvers_team"
          ]
        }
      ]
    },
    {
      "module": "module.user_ida_build_bot",
      "mode": "managed",
      "type": "github_team_membership",
      "name": "tech_team_approver",
      "each": "list",
      "provider": "provider.github",
      "instances": []
    },
    {
      "module": "module.user_46bit",
      "mode": "managed",
      "type": "github_team_membership",
      "name": "tech_team_approver",
      "each": "list",
      "provider": "provider.github",
      "instances": [
        {
          "index_key": 0,
          "schema_version": 0,
          "attributes": {
            "etag": "W/\"59159ad83f858cf06821c7545b63b0e7\"",
            "id": "3101758:46bit",
            "role": "member",
            "team_id": "3101758",
            "username": "46bit"
          },
          "depends_on": [
            "data.github_team.approvers_team"
          ]
        }
      ]
    },
    {
      "module": "module.user_sarahdean",
      "mode": "managed",
      "type": "github_team_membership",
      "name": "tech_team_approver",
      "each": "list",
      "provider": "provider.github",
      "instances": []
    },
    {
      "module": "module.user_chris_wynne",
      "mode": "managed",
      "type": "github_team_membership",
      "name": "tech_team_approver",
      "each": "list",
      "provider": "provider.github",
      "instances": [
        {
          "index_key": 0,
          "schema_version": 0,
          "attributes": {
            "etag": "W/\"17efeb0024eb0e90d0d960bfc59ba4f7\"",
            "id": "3101758:Wynndow",
            "role": "member",
            "team_id": "3101758",
            "username": "Wynndow"
          },
          "depends_on": [
            "data.github_team.approvers_team"
          ]
        }
      ]
    },
    {
      "module": "module.user_ronocg",
      "mode": "managed",
      "type": "github_team_membership",
      "name": "tech_team_approver",
      "each": "list",
      "provider": "provider.github",
      "instances": [
        {
          "index_key": 0,
          "schema_version": 0,
          "attributes": {
            "etag": "W/\"99adc90f24bf022c71f8f141835b66eb\"",
            "id": "3101758:ronocg",
            "role": "member",
            "team_id": "3101758",
            "username": "ronocg"
          },
          "depends_on": [
            "data.github_team.approvers_team"
          ]
        }
      ]
    },
    {
      "module": "module.user_mmhmm",
      "mode": "managed",
      "type": "github_team_membership",
      "name": "tech_team_approver",
      "each": "list",
      "provider": "provider.github",
      "instances": [
        {
          "index_key": 0,
          "schema_version": 0,
          "attributes": {
            "etag": "W/\"6657c9f831c696d66cc39548f111faf5\"",
            "id": "3101758:mmhmm",
            "role": "member",
            "team_id": "3101758",
            "username": "mmhmm"
          },
          "depends_on": [
            "data.github_team.approvers_team"
          ]
        }
      ]
    },
    {
      "module": "module.user_gdsnewt",
      "mode": "managed",
      "type": "github_team_membership",
      "name": "tech_team_approver",
      "each": "list",
      "provider": "provider.github",
      "instances": []
    },
    {
      "module": "module.user_jakubmiarka",
      "mode": "managed",
      "type": "github_team_membership",
      "name": "tech_team_approver",
      "each": "list",
      "provider": "provider.github",
      "instances": [
        {
          "index_key": 0,
          "schema_version": 0,
          "attributes": {
            "etag": "W/\"1dca47c36c7a00e546b9cbd28fb9d893\"",
            "id": "3101758:jakubmiarka",
            "role": "member",
            "team_id": "3101758",
            "username": "jakubmiarka"
          },
          "private": "bnVsbA==",
          "depends_on": [
            "data.github_team.approvers_team"
          ]
        }
      ]
    },
    {
      "module": "module.user_rhowe_gds",
      "mode": "managed",
      "type": "github_team_membership",
      "name": "tech_team_approver",
      "each": "list",
      "provider": "provider.github",
      "instances": [
        {
          "index_key": 0,
          "schema_version": 0,
          "attributes": {
            "etag": "W/\"4368d84898158dfe198585f5cc2a5507\"",
            "id": "3101758:rhowe-gds",
            "role": "member",
            "team_id": "3101758",
            "username": "rhowe-gds"
          },
          "private": "bnVsbA==",
          "depends_on": [
            "data.github_team.approvers_team"
          ]
        }
      ]
    },
    {
      "module": "module.user_coleni",
      "mode": "managed",
      "type": "github_team_membership",
      "name": "tech_team_approver",
      "each": "list",
      "provider": "provider.github",
      "instances": []
    },
    {
      "module": "module.user_tlwr",
      "mode": "managed",
      "type": "github_team_membership",
      "name": "tech_team_approver",
      "each": "list",
      "provider": "provider.github",
      "instances": [
        {
          "index_key": 0,
          "schema_version": 0,
          "attributes": {
            "etag": "W/\"2c0a502bf1cdccf7fc1ba75558092f2e\"",
            "id": "3101758:tlwr",
            "role": "member",
            "team_id": "3101758",
            "username": "tlwr"
          },
          "private": "bnVsbA==",
          "depends_on": [
            "data.github_team.approvers_team"
          ]
        }
      ]
    },
    {
      "module": "module.user_chrisholmes",
      "mode": "managed",
      "type": "github_team_membership",
      "name": "tech_team_approver",
      "each": "list",
      "provider": "provider.github",
      "instances": [
        {
          "index_key": 0,
          "schema_version": 0,
          "attributes": {
            "etag": "W/\"49afb895a2933016e719a9abae454c51\"",
            "id": "3101758:chrisholmes",
            "role": "member",
            "team_id": "3101758",
            "username": "chrisholmes"
          },
          "private": "bnVsbA==",
          "depends_on": [
            "data.github_team.approvers_team"
          ]
        }
      ]
    },
    {
      "module": "module.user_andy_paine",
      "mode": "managed",
      "type": "github_team_membership",
      "name": "tech_team_approver",
      "each": "list",
      "provider": "provider.github",
      "instances": [
        {
          "index_key": 0,
          "schema_version": 0,
          "attributes": {
            "etag": "W/\"48e017fac37e0517b56331d8f9cba8e1\"",
            "id": "3101758:andy-paine",
            "role": "member",
            "team_id": "3101758",
            "username": "andy-paine"
          },
          "private": "bnVsbA==",
          "depends_on": [
            "data.github_team.approvers_team"
          ]
        }
      ]
    },
    {
      "module": "module.user_bjgill",
      "mode": "managed",
      "type": "github_team_membership",
      "name": "tech_team_approver",
      "each": "list",
      "provider": "provider.github",
      "instances": [
        {
          "index_key": 0,
          "schema_version": 0,
          "attributes": {
            "etag": "W/\"4032189b17de927aa48048f4754f820a\"",
            "id": "3101758:bjgill",
            "role": "member",
            "team_id": "3101758",
            "username": "bjgill"
          },
          "depends_on": [
            "data.github_team.approvers_team"
          ]
        }
      ]
    },
    {
      "module": "module.user_danielblair",
      "mode": "managed",
      "type": "github_team_membership",
      "name": "tech_team_approver",
      "each": "list",
      "provider": "provider.github",
      "instances": [
        {
          "index_key": 0,
          "schema_version": 0,
          "attributes": {
            "etag": "W/\"9f36a8e86c8fa455a01fe8b6bbf1cb5c\"",
            "id": "3101758:blairboy362",
            "role": "member",
            "team_id": "3101758",
            "username": "blairboy362"
          },
          "depends_on": [
            "data.github_team.approvers_team"
          ]
        }
      ]
    },
    {
      "module": "module.user_tomrosier",
      "mode": "managed",
      "type": "github_team_membership",
      "name": "tech_team_approver",
      "each": "list",
      "provider": "provider.github",
      "instances": [
        {
          "index_key": 0,
          "schema_version": 0,
          "attributes": {
            "etag": "W/\"365c83f8a012850c08e7b83d702fd24d\"",
            "id": "3101758:tomrosier",
            "role": "member",
            "team_id": "3101758",
            "username": "tomrosier"
          },
          "depends_on": [
            "data.github_team.approvers_team"
          ]
        }
      ]
    },
    {
      "module": "module.user_idacodacybot",
      "mode": "managed",
      "type": "github_team_membership",
      "name": "tech_team_approver",
      "each": "list",
      "provider": "provider.github",
      "instances": []
    },
    {
      "module": "module.user_mariaslo",
      "mode": "managed",
      "type": "github_team_membership",
      "name": "tech_team_approver",
      "each": "list",
      "provider": "provider.github",
      "instances": []
    },
    {
      "module": "module.user_sakisv",
      "mode": "managed",
      "type": "github_team_membership",
      "name": "tech_team_approver",
      "each": "list",
      "provider": "provider.github",
      "instances": [
        {
          "index_key": 0,
          "schema_version": 0,
          "attributes": {
            "etag": "W/\"09cbbc576c5a7467ed5ae7e40a6aa5b9\"",
            "id": "3101758:sakisv",
            "role": "member",
            "team_id": "3101758",
            "username": "sakisv"
          },
          "depends_on": [
            "data.github_team.approvers_team"
          ]
        }
      ]
    },
    {
      "module": "module.user_adityapahuja",
      "mode": "managed",
      "type": "github_team_membership",
      "name": "tech_team_approver",
      "each": "list",
      "provider": "provider.github",
      "instances": [
        {
          "index_key": 0,
          "schema_version": 0,
          "attributes": {
            "etag": "W/\"4dee0da39a81b26c1d6e6b86df23a5dd\"",
            "id": "3101758:adityapahuja",
            "role": "member",
            "team_id": "3101758",
            "username": "adityapahuja"
          },
          "depends_on": [
            "data.github_team.approvers_team"
          ]
        }
      ]
    },
    {
      "module": "module.user_alex_monk",
      "mode": "managed",
      "type": "github_team_membership",
      "name": "tech_team_approver",
      "each": "list",
      "provider": "provider.github",
      "instances": [
        {
          "index_key": 0,
          "schema_version": 0,
          "attributes": {
            "etag": "W/\"0e34cb1540482e10c87177411ad46576\"",
            "id": "3101758:Krenair",
            "role": "member",
            "team_id": "3101758",
            "username": "Krenair"
          },
          "depends_on": [
            "data.github_team.approvers_team"
          ]
        }
      ]
    },
    {
      "module": "module.user_racinghippo",
      "mode": "managed",
      "type": "github_team_membership",
      "name": "tech_team_approver",
      "each": "list",
      "provider": "provider.github",
      "instances": []
    },
    {
      "module": "module.user_jkunle",
      "mode": "managed",
      "type": "github_team_membership",
      "name": "tech_team_approver",
      "each": "list",
      "provider": "provider.github",
      "instances": []
    },
    {
      "module": "module.user_bravegrape",
      "mode": "managed",
      "type": "github_team_membership",
      "name": "tech_team_approver",
      "each": "list",
      "provider": "provider.github",
      "instances": [
        {
          "index_key": 0,
          "schema_version": 0,
          "attributes": {
            "etag": "W/\"7123ef1777652a186124935157a29c9b\"",
            "id": "3101758:bravegrape",
            "role": "member",
            "team_id": "3101758",
            "username": "bravegrape"
          },
          "depends_on": [
            "data.github_team.approvers_team"
          ]
        }
      ]
    },
    {
      "module": "module.user_chrisclayson",
      "mode": "managed",
      "type": "github_team_membership",
      "name": "tech_team_approver",
      "each": "list",
      "provider": "provider.github",
      "instances": [
        {
          "index_key": 0,
          "schema_version": 0,
          "attributes": {
            "etag": "W/\"1c78ebdaa4b0bfcc363240ee4847c7dd\"",
            "id": "3101758:chrisclayson",
            "role": "member",
            "team_id": "3101758",
            "username": "chrisclayson"
          },
          "depends_on": [
            "data.github_team.approvers_team"
          ]
        }
      ]
    },
    {
      "module": "module.user_galund",
      "mode": "managed",
      "type": "github_team_membership",
      "name": "tech_team_approver",
      "each": "list",
      "provider": "provider.github",
      "instances": [
        {
          "index_key": 0,
          "schema_version": 0,
          "attributes": {
            "etag": "W/\"88aab19024bc6d153e9b985912172bfe\"",
            "id": "3101758:galund",
            "role": "member",
            "team_id": "3101758",
            "username": "galund"
          },
          "depends_on": [
            "data.github_team.approvers_team"
          ]
        }
      ]
    },
    {
      "module": "module.user_jstandring_gds",
      "mode": "managed",
      "type": "github_team_membership",
      "name": "tech_team_approver",
      "each": "list",
      "provider": "provider.github",
      "instances": [
        {
          "index_key": 0,
          "schema_version": 0,
          "attributes": {
            "etag": "W/\"fac05992906d0f59579e0647c00c9410\"",
            "id": "3101758:jstandring-gds",
            "role": "member",
            "team_id": "3101758",
            "username": "jstandring-gds"
          },
          "depends_on": [
            "data.github_team.approvers_team"
          ]
        }
      ]
    },
    {
      "module": "module.user_benjamin_mortimer",
      "mode": "managed",
      "type": "github_team_membership",
      "name": "tech_team_approver",
      "each": "list",
      "provider": "provider.github",
      "instances": []
    },
    {
      "module": "module.user_smford",
      "mode": "managed",
      "type": "github_team_membership",
      "name": "tech_team_approver",
      "each": "list",
      "provider": "provider.github",
      "instances": [
        {
          "index_key": 0,
          "schema_version": 0,
          "attributes": {
            "etag": "W/\"057e80c2d2d10fe2465cf6307cae43bc\"",
            "id": "3101758:smford",
            "role": "member",
            "team_id": "3101758",
            "username": "smford"
          },
          "private": "bnVsbA==",
          "depends_on": [
            "data.github_team.approvers_team"
          ]
        }
      ]
    },
    {
      "module": "module.user_alexandergeegds",
      "mode": "managed",
      "type": "github_team_membership",
      "name": "tech_team_approver",
      "each": "list",
      "provider": "provider.github",
      "instances": [
        {
          "index_key": 0,
          "schema_version": 0,
          "attributes": {
            "etag": "W/\"c2097f677a47e42998929ec953d50479\"",
            "id": "3101758:alexandergeegds",
            "role": "member",
            "team_id": "3101758",
            "username": "alexandergeegds"
          },
          "depends_on": [
            "data.github_team.approvers_team"
          ]
        }
      ]
    },
    {
      "module": "module.user_rosa_fox",
      "mode": "managed",
      "type": "github_team_membership",
      "name": "tech_team_maintainer",
      "each": "list",
      "provider": "provider.github",
      "instances": []
    },
    {
      "module": "module.user_szd55gds",
      "mode": "managed",
      "type": "github_team_membership",
      "name": "tech_team_maintainer",
      "each": "list",
      "provider": "provider.github",
      "instances": []
    },
    {
      "module": "module.user_nacnudus",
      "mode": "managed",
      "type": "github_team_membership",
      "name": "tech_team_maintainer",
      "each": "list",
      "provider": "provider.github",
      "instances": []
    },
    {
      "module": "module.user_charlesic",
      "mode": "managed",
      "type": "github_team_membership",
      "name": "tech_team_maintainer",
      "each": "list",
      "provider": "provider.github",
      "instances": [
        {
          "index_key": 0,
          "schema_version": 0,
          "attributes": {
            "etag": "W/\"774af1c9b4c4e0d3c747fd61b4a49ade\"",
            "id": "2830432:CharlesIC",
            "role": "maintainer",
            "team_id": "2830432",
            "username": "CharlesIC"
          },
          "depends_on": [
            "data.github_team.tech_team"
          ]
        }
      ]
    },
    {
      "module": "module.user_todai88",
      "mode": "managed",
      "type": "github_team_membership",
      "name": "tech_team_maintainer",
      "each": "list",
      "provider": "provider.github",
      "instances": []
    },
    {
      "module": "module.user_alan_gds",
      "mode": "managed",
      "type": "github_team_membership",
      "name": "tech_team_maintainer",
      "each": "list",
      "provider": "provider.github",
      "instances": []
    },
    {
      "module": "module.user_robinmitra",
      "mode": "managed",
      "type": "github_team_membership",
      "name": "tech_team_maintainer",
      "each": "list",
      "provider": "provider.github",
      "instances": []
    },
    {
      "module": "module.user_mrwilson",
      "mode": "managed",
      "type": "github_team_membership",
      "name": "tech_team_maintainer",
      "each": "list",
      "provider": "provider.github",
      "instances": []
    },
    {
      "module": "module.user_amritsidhu",
      "mode": "managed",
      "type": "github_team_membership",
      "name": "tech_team_maintainer",
      "each": "list",
      "provider": "provider.github",
      "instances": []
    },
    {
      "module": "module.user_michaelabenyohai",
      "mode": "managed",
      "type": "github_team_membership",
      "name": "tech_team_maintainer",
      "each": "list",
      "provider": "provider.github",
      "instances": [
        {
          "index_key": 0,
          "schema_version": 0,
          "attributes": {
            "etag": "W/\"cedeb778c459c9b5fadf9d5ba55f8800\"",
            "id": "2830432:michaelabenyohai",
            "role": "maintainer",
            "team_id": "2830432",
            "username": "michaelabenyohai"
          },
          "private": "bnVsbA==",
          "depends_on": [
            "data.github_team.tech_team"
          ]
        }
      ]
    },
    {
      "module": "module.user_issyl0",
      "mode": "managed",
      "type": "github_team_membership",
      "name": "tech_team_maintainer",
      "each": "list",
      "provider": "provider.github",
      "instances": []
    },
    {
      "module": "module.user_brenetic",
      "mode": "managed",
      "type": "github_team_membership",
      "name": "tech_team_maintainer",
      "each": "list",
      "provider": "provider.github",
      "instances": [
        {
          "index_key": 0,
          "schema_version": 0,
          "attributes": {
            "etag": "W/\"ac4618ac45d292a43948b8685836f1b3\"",
            "id": "2830432:brenetic",
            "role": "maintainer",
            "team_id": "2830432",
            "username": "brenetic"
          },
          "depends_on": [
            "data.github_team.tech_team"
          ]
        }
      ]
    },
    {
      "module": "module.user_johnwattsgds",
      "mode": "managed",
      "type": "github_team_membership",
      "name": "tech_team_maintainer",
      "each": "list",
      "provider": "provider.github",
      "instances": []
    },
    {
      "module": "module.user_dbes_gds",
      "mode": "managed",
      "type": "github_team_membership",
      "name": "tech_team_maintainer",
      "each": "list",
      "provider": "provider.github",
      "instances": []
    },
    {
      "module": "module.user_instantiator",
      "mode": "managed",
      "type": "github_team_membership",
      "name": "tech_team_maintainer",
      "each": "list",
      "provider": "provider.github",
      "instances": []
    },
    {
      "module": "module.user_philandstuff",
      "mode": "managed",
      "type": "github_team_membership",
      "name": "tech_team_maintainer",
      "each": "list",
      "provider": "provider.github",
      "instances": []
    },
    {
      "module": "module.user_idrop",
      "mode": "managed",
      "type": "github_team_membership",
      "name": "tech_team_maintainer",
      "each": "list",
      "provider": "provider.github",
      "instances": []
    },
    {
      "module": "module.user_thomasalanlee",
      "mode": "managed",
      "type": "github_team_membership",
      "name": "tech_team_maintainer",
      "each": "list",
      "provider": "provider.github",
      "instances": [
        {
          "index_key": 0,
          "schema_version": 0,
          "attributes": {
            "etag": "W/\"aa3d389354364cd32fd05199b47455b4\"",
            "id": "2830432:thomasalanlee",
            "role": "maintainer",
            "team_id": "2830432",
            "username": "thomasalanlee"
          },
          "depends_on": [
            "data.github_team.tech_team"
          ]
        }
      ]
    },
    {
      "module": "module.user_kerrr",
      "mode": "managed",
      "type": "github_team_membership",
      "name": "tech_team_maintainer",
      "each": "list",
      "provider": "provider.github",
      "instances": []
    },
    {
      "module": "module.user_zilnhoj",
      "mode": "managed",
      "type": "github_team_membership",
      "name": "tech_team_maintainer",
      "each": "list",
      "provider": "provider.github",
      "instances": []
    },
    {
      "module": "module.user_annecarr",
      "mode": "managed",
      "type": "github_team_membership",
      "name": "tech_team_maintainer",
      "each": "list",
      "provider": "provider.github",
      "instances": []
    },
    {
      "module": "module.user_j_maynard",
      "mode": "managed",
      "type": "github_team_membership",
      "name": "tech_team_maintainer",
      "each": "list",
      "provider": "provider.github",
      "instances": []
    },
    {
      "module": "module.user_mhussein_gds",
      "mode": "managed",
      "type": "github_team_membership",
      "name": "tech_team_maintainer",
      "each": "list",
      "provider": "provider.github",
      "instances": []
    },
    {
      "module": "module.user_jhjava",
      "mode": "managed",
      "type": "github_team_membership",
      "name": "tech_team_maintainer",
      "each": "list",
      "provider": "provider.github",
      "instances": [
        {
          "index_key": 0,
          "schema_version": 0,
          "attributes": {
            "etag": "W/\"a1f0e3505c967d4db2e60683e13206a1\"",
            "id": "2830432:JHjava",
            "role": "maintainer",
            "team_id": "2830432",
            "username": "JHjava"
          },
          "depends_on": [
            "data.github_team.tech_team"
          ]
        }
      ]
    },
    {
      "module": "module.user_blairboy362",
      "mode": "managed",
      "type": "github_team_membership",
      "name": "tech_team_maintainer",
      "each": "list",
      "provider": "provider.github",
      "instances": []
    },
    {
      "module": "module.user_ida_build_bot",
      "mode": "managed",
      "type": "github_team_membership",
      "name": "tech_team_maintainer",
      "each": "list",
      "provider": "provider.github",
      "instances": []
    },
    {
      "module": "module.user_46bit",
      "mode": "managed",
      "type": "github_team_membership",
      "name": "tech_team_maintainer",
      "each": "list",
      "provider": "provider.github",
      "instances": []
    },
    {
      "module": "module.user_sarahdean",
      "mode": "managed",
      "type": "github_team_membership",
      "name": "tech_team_maintainer",
      "each": "list",
      "provider": "provider.github",
      "instances": []
    },
    {
      "module": "module.user_chris_wynne",
      "mode": "managed",
      "type": "github_team_membership",
      "name": "tech_team_maintainer",
      "each": "list",
      "provider": "provider.github",
      "instances": []
    },
    {
      "module": "module.user_ronocg",
      "mode": "managed",
      "type": "github_team_membership",
      "name": "tech_team_maintainer",
      "each": "list",
      "provider": "provider.github",
      "instances": []
    },
    {
      "module": "module.user_mmhmm",
      "mode": "managed",
      "type": "github_team_membership",
      "name": "tech_team_maintainer",
      "each": "list",
      "provider": "provider.github",
      "instances": []
    },
    {
      "module": "module.user_gdsnewt",
      "mode": "managed",
      "type": "github_team_membership",
      "name": "tech_team_maintainer",
      "each": "list",
      "provider": "provider.github",
      "instances": []
    },
    {
      "module": "module.user_jakubmiarka",
      "mode": "managed",
      "type": "github_team_membership",
      "name": "tech_team_maintainer",
      "each": "list",
      "provider": "provider.github",
      "instances": [
        {
          "index_key": 0,
          "schema_version": 0,
          "attributes": {
            "etag": "W/\"f43786a13fbd79b98210abf1fdf195ff\"",
            "id": "2830432:jakubmiarka",
            "role": "maintainer",
            "team_id": "2830432",
            "username": "jakubmiarka"
          },
          "depends_on": [
            "data.github_team.tech_team"
          ]
        }
      ]
    },
    {
      "module": "module.user_rhowe_gds",
      "mode": "managed",
      "type": "github_team_membership",
      "name": "tech_team_maintainer",
      "each": "list",
      "provider": "provider.github",
      "instances": []
    },
    {
      "module": "module.user_coleni",
      "mode": "managed",
      "type": "github_team_membership",
      "name": "tech_team_maintainer",
      "each": "list",
      "provider": "provider.github",
      "instances": []
    },
    {
      "module": "module.user_tlwr",
      "mode": "managed",
      "type": "github_team_membership",
      "name": "tech_team_maintainer",
      "each": "list",
      "provider": "provider.github",
      "instances": []
    },
    {
      "module": "module.user_chrisholmes",
      "mode": "managed",
      "type": "github_team_membership",
      "name": "tech_team_maintainer",
      "each": "list",
      "provider": "provider.github",
      "instances": [
        {
          "index_key": 0,
          "schema_version": 0,
          "attributes": {
            "etag": "W/\"084b43ad96355e91ee8c3491edf4458e\"",
            "id": "2830432:chrisholmes",
            "role": "maintainer",
            "team_id": "2830432",
            "username": "chrisholmes"
          },
          "depends_on": [
            "data.github_team.tech_team"
          ]
        }
      ]
    },
    {
      "module": "module.user_andy_paine",
      "mode": "managed",
      "type": "github_team_membership",
      "name": "tech_team_maintainer",
      "each": "list",
      "provider": "provider.github",
      "instances": []
    },
    {
      "module": "module.user_bjgill",
      "mode": "managed",
      "type": "github_team_membership",
      "name": "tech_team_maintainer",
      "each": "list",
      "provider": "provider.github",
      "instances": []
    },
    {
      "module": "module.user_danielblair",
      "mode": "managed",
      "type": "github_team_membership",
      "name": "tech_team_maintainer",
      "each": "list",
      "provider": "provider.github",
      "instances": []
    },
    {
      "module": "module.user_tomrosier",
      "mode": "managed",
      "type": "github_team_membership",
      "name": "tech_team_maintainer",
      "each": "list",
      "provider": "provider.github",
      "instances": []
    },
    {
      "module": "module.user_idacodacybot",
      "mode": "managed",
      "type": "github_team_membership",
      "name": "tech_team_maintainer",
      "each": "list",
      "provider": "provider.github",
      "instances": []
    },
    {
      "module": "module.user_mariaslo",
      "mode": "managed",
      "type": "github_team_membership",
      "name": "tech_team_maintainer",
      "each": "list",
      "provider": "provider.github",
      "instances": []
    },
    {
      "module": "module.user_sakisv",
      "mode": "managed",
      "type": "github_team_membership",
      "name": "tech_team_maintainer",
      "each": "list",
      "provider": "provider.github",
      "instances": []
    },
    {
      "module": "module.user_adityapahuja",
      "mode": "managed",
      "type": "github_team_membership",
      "name": "tech_team_maintainer",
      "each": "list",
      "provider": "provider.github",
      "instances": []
    },
    {
      "module": "module.user_alex_monk",
      "mode": "managed",
      "type": "github_team_membership",
      "name": "tech_team_maintainer",
      "each": "list",
      "provider": "provider.github",
      "instances": []
    },
    {
      "module": "module.user_racinghippo",
      "mode": "managed",
      "type": "github_team_membership",
      "name": "tech_team_maintainer",
      "each": "list",
      "provider": "provider.github",
      "instances": []
    },
    {
      "module": "module.user_jkunle",
      "mode": "managed",
      "type": "github_team_membership",
      "name": "tech_team_maintainer",
      "each": "list",
      "provider": "provider.github",
      "instances": []
    },
    {
      "module": "module.user_bravegrape",
      "mode": "managed",
      "type": "github_team_membership",
      "name": "tech_team_maintainer",
      "each": "list",
      "provider": "provider.github",
      "instances": []
    },
    {
      "module": "module.user_chrisclayson",
      "mode": "managed",
      "type": "github_team_membership",
      "name": "tech_team_maintainer",
      "each": "list",
      "provider": "provider.github",
      "instances": []
    },
    {
      "module": "module.user_galund",
      "mode": "managed",
      "type": "github_team_membership",
      "name": "tech_team_maintainer",
      "each": "list",
      "provider": "provider.github",
      "instances": []
    },
    {
      "module": "module.user_jstandring_gds",
      "mode": "managed",
      "type": "github_team_membership",
      "name": "tech_team_maintainer",
      "each": "list",
      "provider": "provider.github",
      "instances": []
    },
    {
      "module": "module.user_benjamin_mortimer",
      "mode": "managed",
      "type": "github_team_membership",
      "name": "tech_team_maintainer",
      "each": "list",
      "provider": "provider.github",
      "instances": []
    },
    {
      "module": "module.user_smford",
      "mode": "managed",
      "type": "github_team_membership",
      "name": "tech_team_maintainer",
      "each": "list",
      "provider": "provider.github",
      "instances": []
    },
    {
      "module": "module.user_alexandergeegds",
      "mode": "managed",
      "type": "github_team_membership",
      "name": "tech_team_maintainer",
      "each": "list",
      "provider": "provider.github",
      "instances": []
    }
  ]
}
