{
  "version": 4,
  "terraform_version": "0.12.2",
  "serial": 322,
  "lineage": "7069a474-17af-c033-8243-ba2e55487134",
  "outputs": {},
  "resources": [
    {
      "module": "module.user_johnwattsgds",
      "mode": "data",
      "type": "github_team",
      "name": "approvers_team",
      "provider": "provider.github",
      "instances": [
        {
          "schema_version": 0,
          "attributes": {
            "description": "Verify tech team: verify-tech-team-approvers",
            "id": "3101758",
            "members": [
              "idrop",
              "galund",
              "issyl0",
              "mrwilson",
              "philandstuff",
              "chrisholmes",
              "Krenair",
              "thomasalanlee",
              "tlwr",
              "kerrr",
              "robinmitra",
              "brenetic",
              "CharlesIC",
              "sakisv",
              "ronocg",
              "Rosa-Fox",
              "chrisclayson",
              "smford",
              "blairboy362",
              "Wynndow",
              "andy-paine",
              "tomrosier",
              "bjgill",
              "michaelabenyohai",
              "bravegrape",
              "jstandring-gds",
              "mhussein-gds",
              "adityapahuja",
              "rhowe-gds",
              "AmritSidhu"
            ],
            "name": "verify-tech-team-approvers",
            "permission": "pull",
            "privacy": "closed",
            "slug": "verify-tech-team-approvers"
          }
        }
      ]
    },
    {
      "module": "module.user_benjamin_mortimer",
      "mode": "data",
      "type": "github_team",
      "name": "approvers_team",
      "provider": "provider.github",
      "instances": [
        {
          "schema_version": 0,
          "attributes": {
            "description": "Verify tech team: verify-tech-team-approvers",
            "id": "3101758",
            "members": [
              "idrop",
              "galund",
              "issyl0",
              "mrwilson",
              "philandstuff",
              "chrisholmes",
              "Krenair",
              "thomasalanlee",
              "tlwr",
              "kerrr",
              "robinmitra",
              "brenetic",
              "CharlesIC",
              "sakisv",
              "ronocg",
              "Rosa-Fox",
              "chrisclayson",
              "smford",
              "blairboy362",
              "Wynndow",
              "andy-paine",
              "tomrosier",
              "bjgill",
              "michaelabenyohai",
              "bravegrape",
              "jstandring-gds",
              "mhussein-gds",
              "adityapahuja",
              "rhowe-gds",
              "AmritSidhu"
            ],
            "name": "verify-tech-team-approvers",
            "permission": "pull",
            "privacy": "closed",
            "slug": "verify-tech-team-approvers"
          }
        }
      ]
    },
    {
      "module": "module.user_sistephens",
      "mode": "data",
      "type": "github_team",
      "name": "approvers_team",
      "provider": "provider.github",
      "instances": [
        {
          "schema_version": 0,
          "attributes": {
            "description": "Verify tech team: verify-tech-team-approvers",
            "id": "3101758",
            "members": [
              "idrop",
              "galund",
              "issyl0",
              "mrwilson",
              "philandstuff",
              "chrisholmes",
              "Krenair",
              "thomasalanlee",
              "tlwr",
              "kerrr",
              "robinmitra",
              "brenetic",
              "CharlesIC",
              "sakisv",
              "ronocg",
              "Rosa-Fox",
              "chrisclayson",
              "smford",
              "blairboy362",
              "Wynndow",
              "andy-paine",
              "tomrosier",
              "bjgill",
              "michaelabenyohai",
              "bravegrape",
              "jstandring-gds",
              "mhussein-gds",
              "adityapahuja",
              "rhowe-gds",
              "AmritSidhu"
            ],
            "name": "verify-tech-team-approvers",
            "permission": "pull",
            "privacy": "closed",
            "slug": "verify-tech-team-approvers"
          }
        }
      ]
    },
    {
      "module": "module.user_szd55gds",
      "mode": "data",
      "type": "github_team",
      "name": "approvers_team",
      "provider": "provider.github",
      "instances": [
        {
          "schema_version": 0,
          "attributes": {
            "description": "Verify tech team: verify-tech-team-approvers",
            "id": "3101758",
            "members": [
              "idrop",
              "galund",
              "issyl0",
              "mrwilson",
              "philandstuff",
              "chrisholmes",
              "Krenair",
              "thomasalanlee",
              "tlwr",
              "kerrr",
              "robinmitra",
              "brenetic",
              "CharlesIC",
              "sakisv",
              "ronocg",
              "Rosa-Fox",
              "chrisclayson",
              "smford",
              "blairboy362",
              "Wynndow",
              "andy-paine",
              "tomrosier",
              "bjgill",
              "michaelabenyohai",
              "bravegrape",
              "jstandring-gds",
              "mhussein-gds",
              "adityapahuja",
              "rhowe-gds",
              "AmritSidhu"
            ],
            "name": "verify-tech-team-approvers",
            "permission": "pull",
            "privacy": "closed",
            "slug": "verify-tech-team-approvers"
          }
        }
      ]
    },
    {
      "module": "module.user_zilnhoj",
      "mode": "data",
      "type": "github_team",
      "name": "approvers_team",
      "provider": "provider.github",
      "instances": [
        {
          "schema_version": 0,
          "attributes": {
            "description": "Verify tech team: verify-tech-team-approvers",
            "id": "3101758",
            "members": [
              "idrop",
              "galund",
              "issyl0",
              "mrwilson",
              "philandstuff",
              "chrisholmes",
              "Krenair",
              "thomasalanlee",
              "tlwr",
              "kerrr",
              "robinmitra",
              "brenetic",
              "CharlesIC",
              "sakisv",
              "ronocg",
              "Rosa-Fox",
              "chrisclayson",
              "smford",
              "blairboy362",
              "Wynndow",
              "andy-paine",
              "tomrosier",
              "bjgill",
              "michaelabenyohai",
              "bravegrape",
              "jstandring-gds",
              "mhussein-gds",
              "adityapahuja",
              "rhowe-gds",
              "AmritSidhu"
            ],
            "name": "verify-tech-team-approvers",
            "permission": "pull",
            "privacy": "closed",
            "slug": "verify-tech-team-approvers"
          }
        }
      ]
    },
    {
      "module": "module.user_galund",
      "mode": "data",
      "type": "github_team",
      "name": "approvers_team",
      "provider": "provider.github",
      "instances": [
        {
          "schema_version": 0,
          "attributes": {
            "description": "Verify tech team: verify-tech-team-approvers",
            "id": "3101758",
            "members": [
              "idrop",
              "galund",
              "issyl0",
              "mrwilson",
              "philandstuff",
              "chrisholmes",
              "Krenair",
              "thomasalanlee",
              "tlwr",
              "kerrr",
              "robinmitra",
              "brenetic",
              "CharlesIC",
              "sakisv",
              "ronocg",
              "Rosa-Fox",
              "chrisclayson",
              "smford",
              "blairboy362",
              "Wynndow",
              "andy-paine",
              "tomrosier",
              "bjgill",
              "michaelabenyohai",
              "bravegrape",
              "jstandring-gds",
              "mhussein-gds",
              "adityapahuja",
              "rhowe-gds",
              "AmritSidhu"
            ],
            "name": "verify-tech-team-approvers",
            "permission": "pull",
            "privacy": "closed",
            "slug": "verify-tech-team-approvers"
          }
        }
      ]
    },
    {
      "module": "module.user_charlesic",
      "mode": "data",
      "type": "github_team",
      "name": "approvers_team",
      "provider": "provider.github",
      "instances": [
        {
          "schema_version": 0,
          "attributes": {
            "description": "Verify tech team: verify-tech-team-approvers",
            "id": "3101758",
            "members": [
              "idrop",
              "galund",
              "issyl0",
              "mrwilson",
              "philandstuff",
              "chrisholmes",
              "Krenair",
              "thomasalanlee",
              "tlwr",
              "kerrr",
              "robinmitra",
              "brenetic",
              "CharlesIC",
              "sakisv",
              "ronocg",
              "Rosa-Fox",
              "chrisclayson",
              "smford",
              "blairboy362",
              "Wynndow",
              "andy-paine",
              "tomrosier",
              "bjgill",
              "michaelabenyohai",
              "bravegrape",
              "jstandring-gds",
              "mhussein-gds",
              "adityapahuja",
              "rhowe-gds",
              "AmritSidhu"
            ],
            "name": "verify-tech-team-approvers",
            "permission": "pull",
            "privacy": "closed",
            "slug": "verify-tech-team-approvers"
          }
        }
      ]
    },
    {
      "module": "module.user_michaelabenyohai",
      "mode": "data",
      "type": "github_team",
      "name": "approvers_team",
      "provider": "provider.github",
      "instances": [
        {
          "schema_version": 0,
          "attributes": {
            "description": "Verify tech team: verify-tech-team-approvers",
            "id": "3101758",
            "members": [
              "idrop",
              "galund",
              "issyl0",
              "mrwilson",
              "philandstuff",
              "chrisholmes",
              "Krenair",
              "thomasalanlee",
              "tlwr",
              "kerrr",
              "robinmitra",
              "brenetic",
              "CharlesIC",
              "sakisv",
              "ronocg",
              "Rosa-Fox",
              "chrisclayson",
              "smford",
              "blairboy362",
              "Wynndow",
              "andy-paine",
              "tomrosier",
              "bjgill",
              "michaelabenyohai",
              "bravegrape",
              "jstandring-gds",
              "mhussein-gds",
              "adityapahuja",
              "rhowe-gds",
              "AmritSidhu"
            ],
            "name": "verify-tech-team-approvers",
            "permission": "pull",
            "privacy": "closed",
            "slug": "verify-tech-team-approvers"
          }
        }
      ]
    },
    {
      "module": "module.user_amritsidhu",
      "mode": "data",
      "type": "github_team",
      "name": "approvers_team",
      "provider": "provider.github",
      "instances": [
        {
          "schema_version": 0,
          "attributes": {
            "description": "Verify tech team: verify-tech-team-approvers",
            "id": "3101758",
            "members": [
              "idrop",
              "galund",
              "issyl0",
              "mrwilson",
              "philandstuff",
              "chrisholmes",
              "Krenair",
              "thomasalanlee",
              "tlwr",
              "kerrr",
              "robinmitra",
              "brenetic",
              "CharlesIC",
              "sakisv",
              "ronocg",
              "Rosa-Fox",
              "chrisclayson",
              "smford",
              "blairboy362",
              "Wynndow",
              "andy-paine",
              "tomrosier",
              "bjgill",
              "michaelabenyohai",
              "bravegrape",
              "jstandring-gds",
              "mhussein-gds",
              "adityapahuja",
              "rhowe-gds",
              "AmritSidhu"
            ],
            "name": "verify-tech-team-approvers",
            "permission": "pull",
            "privacy": "closed",
            "slug": "verify-tech-team-approvers"
          }
        }
      ]
    },
    {
      "module": "module.user_coleni",
      "mode": "data",
      "type": "github_team",
      "name": "approvers_team",
      "provider": "provider.github",
      "instances": [
        {
          "schema_version": 0,
          "attributes": {
            "description": "Verify tech team: verify-tech-team-approvers",
            "id": "3101758",
            "members": [
              "idrop",
              "galund",
              "issyl0",
              "mrwilson",
              "philandstuff",
              "chrisholmes",
              "Krenair",
              "thomasalanlee",
              "tlwr",
              "kerrr",
              "robinmitra",
              "brenetic",
              "CharlesIC",
              "sakisv",
              "ronocg",
              "Rosa-Fox",
              "chrisclayson",
              "smford",
              "blairboy362",
              "Wynndow",
              "andy-paine",
              "tomrosier",
              "bjgill",
              "michaelabenyohai",
              "bravegrape",
              "jstandring-gds",
              "mhussein-gds",
              "adityapahuja",
              "rhowe-gds",
              "AmritSidhu"
            ],
            "name": "verify-tech-team-approvers",
            "permission": "pull",
            "privacy": "closed",
            "slug": "verify-tech-team-approvers"
          }
        }
      ]
    },
    {
      "module": "module.user_dbes_gds",
      "mode": "data",
      "type": "github_team",
      "name": "approvers_team",
      "provider": "provider.github",
      "instances": [
        {
          "schema_version": 0,
          "attributes": {
            "description": "Verify tech team: verify-tech-team-approvers",
            "id": "3101758",
            "members": [
              "idrop",
              "galund",
              "issyl0",
              "mrwilson",
              "philandstuff",
              "chrisholmes",
              "Krenair",
              "thomasalanlee",
              "tlwr",
              "kerrr",
              "robinmitra",
              "brenetic",
              "CharlesIC",
              "sakisv",
              "ronocg",
              "Rosa-Fox",
              "chrisclayson",
              "smford",
              "blairboy362",
              "Wynndow",
              "andy-paine",
              "tomrosier",
              "bjgill",
              "michaelabenyohai",
              "bravegrape",
              "jstandring-gds",
              "mhussein-gds",
              "adityapahuja",
              "rhowe-gds",
              "AmritSidhu"
            ],
            "name": "verify-tech-team-approvers",
            "permission": "pull",
            "privacy": "closed",
            "slug": "verify-tech-team-approvers"
          }
        }
      ]
    },
    {
      "module": "module.user_instantiator",
      "mode": "data",
      "type": "github_team",
      "name": "approvers_team",
      "provider": "provider.github",
      "instances": [
        {
          "schema_version": 0,
          "attributes": {
            "description": "Verify tech team: verify-tech-team-approvers",
            "id": "3101758",
            "members": [
              "idrop",
              "galund",
              "issyl0",
              "mrwilson",
              "philandstuff",
              "chrisholmes",
              "Krenair",
              "thomasalanlee",
              "tlwr",
              "kerrr",
              "robinmitra",
              "brenetic",
              "CharlesIC",
              "sakisv",
              "ronocg",
              "Rosa-Fox",
              "chrisclayson",
              "smford",
              "blairboy362",
              "Wynndow",
              "andy-paine",
              "tomrosier",
              "bjgill",
              "michaelabenyohai",
              "bravegrape",
              "jstandring-gds",
              "mhussein-gds",
              "adityapahuja",
              "rhowe-gds",
              "AmritSidhu"
            ],
            "name": "verify-tech-team-approvers",
            "permission": "pull",
            "privacy": "closed",
            "slug": "verify-tech-team-approvers"
          }
        }
      ]
    },
    {
      "module": "module.user_robinmitra",
      "mode": "data",
      "type": "github_team",
      "name": "approvers_team",
      "provider": "provider.github",
      "instances": [
        {
          "schema_version": 0,
          "attributes": {
            "description": "Verify tech team: verify-tech-team-approvers",
            "id": "3101758",
            "members": [
              "idrop",
              "galund",
              "issyl0",
              "mrwilson",
              "philandstuff",
              "chrisholmes",
              "Krenair",
              "thomasalanlee",
              "tlwr",
              "kerrr",
              "robinmitra",
              "brenetic",
              "CharlesIC",
              "sakisv",
              "ronocg",
              "Rosa-Fox",
              "chrisclayson",
              "smford",
              "blairboy362",
              "Wynndow",
              "andy-paine",
              "tomrosier",
              "bjgill",
              "michaelabenyohai",
              "bravegrape",
              "jstandring-gds",
              "mhussein-gds",
              "adityapahuja",
              "rhowe-gds",
              "AmritSidhu"
            ],
            "name": "verify-tech-team-approvers",
            "permission": "pull",
            "privacy": "closed",
            "slug": "verify-tech-team-approvers"
          }
        }
      ]
    },
    {
      "module": "module.user_smford",
      "mode": "data",
      "type": "github_team",
      "name": "approvers_team",
      "provider": "provider.github",
      "instances": [
        {
          "schema_version": 0,
          "attributes": {
            "description": "Verify tech team: verify-tech-team-approvers",
            "id": "3101758",
            "members": [
              "idrop",
              "galund",
              "issyl0",
              "mrwilson",
              "philandstuff",
              "chrisholmes",
              "Krenair",
              "thomasalanlee",
              "tlwr",
              "kerrr",
              "robinmitra",
              "brenetic",
              "CharlesIC",
              "sakisv",
              "ronocg",
              "Rosa-Fox",
              "chrisclayson",
              "smford",
              "blairboy362",
              "Wynndow",
              "andy-paine",
              "tomrosier",
              "bjgill",
              "michaelabenyohai",
              "bravegrape",
              "jstandring-gds",
              "mhussein-gds",
              "adityapahuja",
              "rhowe-gds",
              "AmritSidhu"
            ],
            "name": "verify-tech-team-approvers",
            "permission": "pull",
            "privacy": "closed",
            "slug": "verify-tech-team-approvers"
          }
        }
      ]
    },
    {
      "module": "module.user_andy_paine",
      "mode": "data",
      "type": "github_team",
      "name": "approvers_team",
      "provider": "provider.github",
      "instances": [
        {
          "schema_version": 0,
          "attributes": {
            "description": "Verify tech team: verify-tech-team-approvers",
            "id": "3101758",
            "members": [
              "idrop",
              "galund",
              "issyl0",
              "mrwilson",
              "philandstuff",
              "chrisholmes",
              "Krenair",
              "thomasalanlee",
              "tlwr",
              "kerrr",
              "robinmitra",
              "brenetic",
              "CharlesIC",
              "sakisv",
              "ronocg",
              "Rosa-Fox",
              "chrisclayson",
              "smford",
              "blairboy362",
              "Wynndow",
              "andy-paine",
              "tomrosier",
              "bjgill",
              "michaelabenyohai",
              "bravegrape",
              "jstandring-gds",
              "mhussein-gds",
              "adityapahuja",
              "rhowe-gds",
              "AmritSidhu"
            ],
            "name": "verify-tech-team-approvers",
            "permission": "pull",
            "privacy": "closed",
            "slug": "verify-tech-team-approvers"
          }
        }
      ]
    },
    {
      "module": "module.user_racinghippo",
      "mode": "data",
      "type": "github_team",
      "name": "approvers_team",
      "provider": "provider.github",
      "instances": [
        {
          "schema_version": 0,
          "attributes": {
            "description": "Verify tech team: verify-tech-team-approvers",
            "id": "3101758",
            "members": [
              "idrop",
              "galund",
              "issyl0",
              "mrwilson",
              "philandstuff",
              "chrisholmes",
              "Krenair",
              "thomasalanlee",
              "tlwr",
              "kerrr",
              "robinmitra",
              "brenetic",
              "CharlesIC",
              "sakisv",
              "ronocg",
              "Rosa-Fox",
              "chrisclayson",
              "smford",
              "blairboy362",
              "Wynndow",
              "andy-paine",
              "tomrosier",
              "bjgill",
              "michaelabenyohai",
              "bravegrape",
              "jstandring-gds",
              "mhussein-gds",
              "adityapahuja",
              "rhowe-gds",
              "AmritSidhu"
            ],
            "name": "verify-tech-team-approvers",
            "permission": "pull",
            "privacy": "closed",
            "slug": "verify-tech-team-approvers"
          }
        }
      ]
    },
    {
      "module": "module.user_issyl0",
      "mode": "data",
      "type": "github_team",
      "name": "approvers_team",
      "provider": "provider.github",
      "instances": [
        {
          "schema_version": 0,
          "attributes": {
            "description": "Verify tech team: verify-tech-team-approvers",
            "id": "3101758",
            "members": [
              "idrop",
              "galund",
              "issyl0",
              "mrwilson",
              "philandstuff",
              "chrisholmes",
              "Krenair",
              "thomasalanlee",
              "tlwr",
              "kerrr",
              "robinmitra",
              "brenetic",
              "CharlesIC",
              "sakisv",
              "ronocg",
              "Rosa-Fox",
              "chrisclayson",
              "smford",
              "blairboy362",
              "Wynndow",
              "andy-paine",
              "tomrosier",
              "bjgill",
              "michaelabenyohai",
              "bravegrape",
              "jstandring-gds",
              "mhussein-gds",
              "adityapahuja",
              "rhowe-gds",
              "AmritSidhu"
            ],
            "name": "verify-tech-team-approvers",
            "permission": "pull",
            "privacy": "closed",
            "slug": "verify-tech-team-approvers"
          }
        }
      ]
    },
    {
      "module": "module.user_annecarr",
      "mode": "data",
      "type": "github_team",
      "name": "approvers_team",
      "provider": "provider.github",
      "instances": [
        {
          "schema_version": 0,
          "attributes": {
            "description": "Verify tech team: verify-tech-team-approvers",
            "id": "3101758",
            "members": [
              "idrop",
              "galund",
              "issyl0",
              "mrwilson",
              "philandstuff",
              "chrisholmes",
              "Krenair",
              "thomasalanlee",
              "tlwr",
              "kerrr",
              "robinmitra",
              "brenetic",
              "CharlesIC",
              "sakisv",
              "ronocg",
              "Rosa-Fox",
              "chrisclayson",
              "smford",
              "blairboy362",
              "Wynndow",
              "andy-paine",
              "tomrosier",
              "bjgill",
              "michaelabenyohai",
              "bravegrape",
              "jstandring-gds",
              "mhussein-gds",
              "adityapahuja",
              "rhowe-gds",
              "AmritSidhu"
            ],
            "name": "verify-tech-team-approvers",
            "permission": "pull",
            "privacy": "closed",
            "slug": "verify-tech-team-approvers"
          }
        }
      ]
    },
    {
      "module": "module.user_thomasalanlee",
      "mode": "data",
      "type": "github_team",
      "name": "approvers_team",
      "provider": "provider.github",
      "instances": [
        {
          "schema_version": 0,
          "attributes": {
            "description": "Verify tech team: verify-tech-team-approvers",
            "id": "3101758",
            "members": [
              "idrop",
              "galund",
              "issyl0",
              "mrwilson",
              "philandstuff",
              "chrisholmes",
              "Krenair",
              "thomasalanlee",
              "tlwr",
              "kerrr",
              "robinmitra",
              "brenetic",
              "CharlesIC",
              "sakisv",
              "ronocg",
              "Rosa-Fox",
              "chrisclayson",
              "smford",
              "blairboy362",
              "Wynndow",
              "andy-paine",
              "tomrosier",
              "bjgill",
              "michaelabenyohai",
              "bravegrape",
              "jstandring-gds",
              "mhussein-gds",
              "adityapahuja",
              "rhowe-gds",
              "AmritSidhu"
            ],
            "name": "verify-tech-team-approvers",
            "permission": "pull",
            "privacy": "closed",
            "slug": "verify-tech-team-approvers"
          }
        }
      ]
    },
    {
      "module": "module.user_philandstuff",
      "mode": "data",
      "type": "github_team",
      "name": "approvers_team",
      "provider": "provider.github",
      "instances": [
        {
          "schema_version": 0,
          "attributes": {
            "description": "Verify tech team: verify-tech-team-approvers",
            "id": "3101758",
            "members": [
              "idrop",
              "galund",
              "issyl0",
              "mrwilson",
              "philandstuff",
              "chrisholmes",
              "Krenair",
              "thomasalanlee",
              "tlwr",
              "kerrr",
              "robinmitra",
              "brenetic",
              "CharlesIC",
              "sakisv",
              "ronocg",
              "Rosa-Fox",
              "chrisclayson",
              "smford",
              "blairboy362",
              "Wynndow",
              "andy-paine",
              "tomrosier",
              "bjgill",
              "michaelabenyohai",
              "bravegrape",
              "jstandring-gds",
              "mhussein-gds",
              "adityapahuja",
              "rhowe-gds",
              "AmritSidhu"
            ],
            "name": "verify-tech-team-approvers",
            "permission": "pull",
            "privacy": "closed",
            "slug": "verify-tech-team-approvers"
          }
        }
      ]
    },
    {
      "module": "module.user_alexandergeegds",
      "mode": "data",
      "type": "github_team",
      "name": "approvers_team",
      "provider": "provider.github",
      "instances": [
        {
          "schema_version": 0,
          "attributes": {
            "description": "Verify tech team: verify-tech-team-approvers",
            "id": "3101758",
            "members": [
              "idrop",
              "galund",
              "issyl0",
              "mrwilson",
              "philandstuff",
              "chrisholmes",
              "Krenair",
              "thomasalanlee",
              "tlwr",
              "kerrr",
              "robinmitra",
              "brenetic",
              "CharlesIC",
              "sakisv",
              "ronocg",
              "Rosa-Fox",
              "chrisclayson",
              "smford",
              "blairboy362",
              "Wynndow",
              "andy-paine",
              "tomrosier",
              "bjgill",
              "michaelabenyohai",
              "bravegrape",
              "jstandring-gds",
              "mhussein-gds",
              "adityapahuja",
              "rhowe-gds",
              "AmritSidhu"
            ],
            "name": "verify-tech-team-approvers",
            "permission": "pull",
            "privacy": "closed",
            "slug": "verify-tech-team-approvers"
          }
        }
      ]
    },
    {
      "module": "module.user_alex_monk",
      "mode": "data",
      "type": "github_team",
      "name": "approvers_team",
      "provider": "provider.github",
      "instances": [
        {
          "schema_version": 0,
          "attributes": {
            "description": "Verify tech team: verify-tech-team-approvers",
            "id": "3101758",
            "members": [
              "idrop",
              "galund",
              "issyl0",
              "mrwilson",
              "philandstuff",
              "chrisholmes",
              "Krenair",
              "thomasalanlee",
              "tlwr",
              "kerrr",
              "robinmitra",
              "brenetic",
              "CharlesIC",
              "sakisv",
              "ronocg",
              "Rosa-Fox",
              "chrisclayson",
              "smford",
              "blairboy362",
              "Wynndow",
              "andy-paine",
              "tomrosier",
              "bjgill",
              "michaelabenyohai",
              "bravegrape",
              "jstandring-gds",
              "mhussein-gds",
              "adityapahuja",
              "rhowe-gds",
              "AmritSidhu"
            ],
            "name": "verify-tech-team-approvers",
            "permission": "pull",
            "privacy": "closed",
            "slug": "verify-tech-team-approvers"
          }
        }
      ]
    },
    {
      "module": "module.user_jstandring_gds",
      "mode": "data",
      "type": "github_team",
      "name": "approvers_team",
      "provider": "provider.github",
      "instances": [
        {
          "schema_version": 0,
          "attributes": {
            "description": "Verify tech team: verify-tech-team-approvers",
            "id": "3101758",
            "members": [
              "idrop",
              "galund",
              "issyl0",
              "mrwilson",
              "philandstuff",
              "chrisholmes",
              "Krenair",
              "thomasalanlee",
              "tlwr",
              "kerrr",
              "robinmitra",
              "brenetic",
              "CharlesIC",
              "sakisv",
              "ronocg",
              "Rosa-Fox",
              "chrisclayson",
              "smford",
              "blairboy362",
              "Wynndow",
              "andy-paine",
              "tomrosier",
              "bjgill",
              "michaelabenyohai",
              "bravegrape",
              "jstandring-gds",
              "mhussein-gds",
              "adityapahuja",
              "rhowe-gds",
              "AmritSidhu"
            ],
            "name": "verify-tech-team-approvers",
            "permission": "pull",
            "privacy": "closed",
            "slug": "verify-tech-team-approvers"
          }
        }
      ]
    },
    {
      "module": "module.user_tomrosier",
      "mode": "data",
      "type": "github_team",
      "name": "approvers_team",
      "provider": "provider.github",
      "instances": [
        {
          "schema_version": 0,
          "attributes": {
            "description": "Verify tech team: verify-tech-team-approvers",
            "id": "3101758",
            "members": [
              "idrop",
              "galund",
              "issyl0",
              "mrwilson",
              "philandstuff",
              "chrisholmes",
              "Krenair",
              "thomasalanlee",
              "tlwr",
              "kerrr",
              "robinmitra",
              "brenetic",
              "CharlesIC",
              "sakisv",
              "ronocg",
              "Rosa-Fox",
              "chrisclayson",
              "smford",
              "blairboy362",
              "Wynndow",
              "andy-paine",
              "tomrosier",
              "bjgill",
              "michaelabenyohai",
              "bravegrape",
              "jstandring-gds",
              "mhussein-gds",
              "adityapahuja",
              "rhowe-gds",
              "AmritSidhu"
            ],
            "name": "verify-tech-team-approvers",
            "permission": "pull",
            "privacy": "closed",
            "slug": "verify-tech-team-approvers"
          }
        }
      ]
    },
    {
      "module": "module.user_brenetic",
      "mode": "data",
      "type": "github_team",
      "name": "approvers_team",
      "provider": "provider.github",
      "instances": [
        {
          "schema_version": 0,
          "attributes": {
            "description": "Verify tech team: verify-tech-team-approvers",
            "id": "3101758",
            "members": [
              "idrop",
              "galund",
              "issyl0",
              "mrwilson",
              "philandstuff",
              "chrisholmes",
              "Krenair",
              "thomasalanlee",
              "tlwr",
              "kerrr",
              "robinmitra",
              "brenetic",
              "CharlesIC",
              "sakisv",
              "ronocg",
              "Rosa-Fox",
              "chrisclayson",
              "smford",
              "blairboy362",
              "Wynndow",
              "andy-paine",
              "tomrosier",
              "bjgill",
              "michaelabenyohai",
              "bravegrape",
              "jstandring-gds",
              "mhussein-gds",
              "adityapahuja",
              "rhowe-gds",
              "AmritSidhu"
            ],
            "name": "verify-tech-team-approvers",
            "permission": "pull",
            "privacy": "closed",
            "slug": "verify-tech-team-approvers"
          }
        }
      ]
    },
    {
      "module": "module.user_nacnudus",
      "mode": "data",
      "type": "github_team",
      "name": "approvers_team",
      "provider": "provider.github",
      "instances": [
        {
          "schema_version": 0,
          "attributes": {
            "description": "Verify tech team: verify-tech-team-approvers",
            "id": "3101758",
            "members": [
              "idrop",
              "galund",
              "issyl0",
              "mrwilson",
              "philandstuff",
              "chrisholmes",
              "Krenair",
              "thomasalanlee",
              "tlwr",
              "kerrr",
              "robinmitra",
              "brenetic",
              "CharlesIC",
              "sakisv",
              "ronocg",
              "Rosa-Fox",
              "chrisclayson",
              "smford",
              "blairboy362",
              "Wynndow",
              "andy-paine",
              "tomrosier",
              "bjgill",
              "michaelabenyohai",
              "bravegrape",
              "jstandring-gds",
              "mhussein-gds",
              "adityapahuja",
              "rhowe-gds",
              "AmritSidhu"
            ],
            "name": "verify-tech-team-approvers",
            "permission": "pull",
            "privacy": "closed",
            "slug": "verify-tech-team-approvers"
          }
        }
      ]
    },
    {
      "module": "module.user_sakisv",
      "mode": "data",
      "type": "github_team",
      "name": "approvers_team",
      "provider": "provider.github",
      "instances": [
        {
          "schema_version": 0,
          "attributes": {
            "description": "Verify tech team: verify-tech-team-approvers",
            "id": "3101758",
            "members": [
              "idrop",
              "galund",
              "issyl0",
              "mrwilson",
              "philandstuff",
              "chrisholmes",
              "Krenair",
              "thomasalanlee",
              "tlwr",
              "kerrr",
              "robinmitra",
              "brenetic",
              "CharlesIC",
              "sakisv",
              "ronocg",
              "Rosa-Fox",
              "chrisclayson",
              "smford",
              "blairboy362",
              "Wynndow",
              "andy-paine",
              "tomrosier",
              "bjgill",
              "michaelabenyohai",
              "bravegrape",
              "jstandring-gds",
              "mhussein-gds",
              "adityapahuja",
              "rhowe-gds",
              "AmritSidhu"
            ],
            "name": "verify-tech-team-approvers",
            "permission": "pull",
            "privacy": "closed",
            "slug": "verify-tech-team-approvers"
          }
        }
      ]
    },
    {
      "module": "module.user_bjgill",
      "mode": "data",
      "type": "github_team",
      "name": "approvers_team",
      "provider": "provider.github",
      "instances": [
        {
          "schema_version": 0,
          "attributes": {
            "description": "Verify tech team: verify-tech-team-approvers",
            "id": "3101758",
            "members": [
              "idrop",
              "galund",
              "issyl0",
              "mrwilson",
              "philandstuff",
              "chrisholmes",
              "Krenair",
              "thomasalanlee",
              "tlwr",
              "kerrr",
              "robinmitra",
              "brenetic",
              "CharlesIC",
              "sakisv",
              "ronocg",
              "Rosa-Fox",
              "chrisclayson",
              "smford",
              "blairboy362",
              "Wynndow",
              "andy-paine",
              "tomrosier",
              "bjgill",
              "michaelabenyohai",
              "bravegrape",
              "jstandring-gds",
              "mhussein-gds",
              "adityapahuja",
              "rhowe-gds",
              "AmritSidhu"
            ],
            "name": "verify-tech-team-approvers",
            "permission": "pull",
            "privacy": "closed",
            "slug": "verify-tech-team-approvers"
          }
        }
      ]
    },
    {
      "module": "module.user_rhowe_gds",
      "mode": "data",
      "type": "github_team",
      "name": "approvers_team",
      "provider": "provider.github",
      "instances": [
        {
          "schema_version": 0,
          "attributes": {
            "description": "Verify tech team: verify-tech-team-approvers",
            "id": "3101758",
            "members": [
              "idrop",
              "galund",
              "issyl0",
              "mrwilson",
              "philandstuff",
              "chrisholmes",
              "Krenair",
              "thomasalanlee",
              "tlwr",
              "kerrr",
              "robinmitra",
              "brenetic",
              "CharlesIC",
              "sakisv",
              "ronocg",
              "Rosa-Fox",
              "chrisclayson",
              "smford",
              "blairboy362",
              "Wynndow",
              "andy-paine",
              "tomrosier",
              "bjgill",
              "michaelabenyohai",
              "bravegrape",
              "jstandring-gds",
              "mhussein-gds",
              "adityapahuja",
              "rhowe-gds",
              "AmritSidhu"
            ],
            "name": "verify-tech-team-approvers",
            "permission": "pull",
            "privacy": "closed",
            "slug": "verify-tech-team-approvers"
          }
        }
      ]
    },
    {
      "module": "module.user_blairboy362",
      "mode": "data",
      "type": "github_team",
      "name": "approvers_team",
      "provider": "provider.github",
      "instances": [
        {
          "schema_version": 0,
          "attributes": {
            "description": "Verify tech team: verify-tech-team-approvers",
            "id": "3101758",
            "members": [
              "idrop",
              "galund",
              "issyl0",
              "mrwilson",
              "philandstuff",
              "chrisholmes",
              "Krenair",
              "thomasalanlee",
              "tlwr",
              "kerrr",
              "robinmitra",
              "brenetic",
              "CharlesIC",
              "sakisv",
              "ronocg",
              "Rosa-Fox",
              "chrisclayson",
              "smford",
              "blairboy362",
              "Wynndow",
              "andy-paine",
              "tomrosier",
              "bjgill",
              "michaelabenyohai",
              "bravegrape",
              "jstandring-gds",
              "mhussein-gds",
              "adityapahuja",
              "rhowe-gds",
              "AmritSidhu"
            ],
            "name": "verify-tech-team-approvers",
            "permission": "pull",
            "privacy": "closed",
            "slug": "verify-tech-team-approvers"
          }
        }
      ]
    },
    {
      "module": "module.user_todai88",
      "mode": "data",
      "type": "github_team",
      "name": "approvers_team",
      "provider": "provider.github",
      "instances": [
        {
          "schema_version": 0,
          "attributes": {
            "description": "Verify tech team: verify-tech-team-approvers",
            "id": "3101758",
            "members": [
              "idrop",
              "galund",
              "issyl0",
              "mrwilson",
              "philandstuff",
              "chrisholmes",
              "Krenair",
              "thomasalanlee",
              "tlwr",
              "kerrr",
              "robinmitra",
              "brenetic",
              "CharlesIC",
              "sakisv",
              "ronocg",
              "Rosa-Fox",
              "chrisclayson",
              "smford",
              "blairboy362",
              "Wynndow",
              "andy-paine",
              "tomrosier",
              "bjgill",
              "michaelabenyohai",
              "bravegrape",
              "jstandring-gds",
              "mhussein-gds",
              "adityapahuja",
              "rhowe-gds",
              "AmritSidhu"
            ],
            "name": "verify-tech-team-approvers",
            "permission": "pull",
            "privacy": "closed",
            "slug": "verify-tech-team-approvers"
          }
        }
      ]
    },
    {
      "module": "module.user_jhjava",
      "mode": "data",
      "type": "github_team",
      "name": "approvers_team",
      "provider": "provider.github",
      "instances": [
        {
          "schema_version": 0,
          "attributes": {
            "description": "Verify tech team: verify-tech-team-approvers",
            "id": "3101758",
            "members": [
              "idrop",
              "galund",
              "issyl0",
              "mrwilson",
              "philandstuff",
              "chrisholmes",
              "Krenair",
              "thomasalanlee",
              "tlwr",
              "kerrr",
              "robinmitra",
              "brenetic",
              "CharlesIC",
              "sakisv",
              "ronocg",
              "Rosa-Fox",
              "chrisclayson",
              "smford",
              "blairboy362",
              "Wynndow",
              "andy-paine",
              "tomrosier",
              "bjgill",
              "michaelabenyohai",
              "bravegrape",
              "jstandring-gds",
              "mhussein-gds",
              "adityapahuja",
              "rhowe-gds",
              "AmritSidhu"
            ],
            "name": "verify-tech-team-approvers",
            "permission": "pull",
            "privacy": "closed",
            "slug": "verify-tech-team-approvers"
          }
        }
      ]
    },
    {
      "module": "module.user_chrisclayson",
      "mode": "data",
      "type": "github_team",
      "name": "approvers_team",
      "provider": "provider.github",
      "instances": [
        {
          "schema_version": 0,
          "attributes": {
            "description": "Verify tech team: verify-tech-team-approvers",
            "id": "3101758",
            "members": [
              "idrop",
              "galund",
              "issyl0",
              "mrwilson",
              "philandstuff",
              "chrisholmes",
              "Krenair",
              "thomasalanlee",
              "tlwr",
              "kerrr",
              "robinmitra",
              "brenetic",
              "CharlesIC",
              "sakisv",
              "ronocg",
              "Rosa-Fox",
              "chrisclayson",
              "smford",
              "blairboy362",
              "Wynndow",
              "andy-paine",
              "tomrosier",
              "bjgill",
              "michaelabenyohai",
              "bravegrape",
              "jstandring-gds",
              "mhussein-gds",
              "adityapahuja",
              "rhowe-gds",
              "AmritSidhu"
            ],
            "name": "verify-tech-team-approvers",
            "permission": "pull",
            "privacy": "closed",
            "slug": "verify-tech-team-approvers"
          }
        }
      ]
    },
    {
      "module": "module.user_rosa_fox",
      "mode": "data",
      "type": "github_team",
      "name": "approvers_team",
      "provider": "provider.github",
      "instances": [
        {
          "schema_version": 0,
          "attributes": {
            "description": "Verify tech team: verify-tech-team-approvers",
            "id": "3101758",
            "members": [
              "idrop",
              "galund",
              "issyl0",
              "mrwilson",
              "philandstuff",
              "chrisholmes",
              "Krenair",
              "thomasalanlee",
              "tlwr",
              "kerrr",
              "robinmitra",
              "brenetic",
              "CharlesIC",
              "sakisv",
              "ronocg",
              "Rosa-Fox",
              "chrisclayson",
              "smford",
              "blairboy362",
              "Wynndow",
              "andy-paine",
              "tomrosier",
              "bjgill",
              "michaelabenyohai",
              "bravegrape",
              "jstandring-gds",
              "mhussein-gds",
              "adityapahuja",
              "rhowe-gds",
              "AmritSidhu"
            ],
            "name": "verify-tech-team-approvers",
            "permission": "pull",
            "privacy": "closed",
            "slug": "verify-tech-team-approvers"
          }
        }
      ]
    },
    {
      "module": "module.user_bravegrape",
      "mode": "data",
      "type": "github_team",
      "name": "approvers_team",
      "provider": "provider.github",
      "instances": [
        {
          "schema_version": 0,
          "attributes": {
            "description": "Verify tech team: verify-tech-team-approvers",
            "id": "3101758",
            "members": [
              "idrop",
              "galund",
              "issyl0",
              "mrwilson",
              "philandstuff",
              "chrisholmes",
              "Krenair",
              "thomasalanlee",
              "tlwr",
              "kerrr",
              "robinmitra",
              "brenetic",
              "CharlesIC",
              "sakisv",
              "ronocg",
              "Rosa-Fox",
              "chrisclayson",
              "smford",
              "blairboy362",
              "Wynndow",
              "andy-paine",
              "tomrosier",
              "bjgill",
              "michaelabenyohai",
              "bravegrape",
              "jstandring-gds",
              "mhussein-gds",
              "adityapahuja",
              "rhowe-gds",
              "AmritSidhu"
            ],
            "name": "verify-tech-team-approvers",
            "permission": "pull",
            "privacy": "closed",
            "slug": "verify-tech-team-approvers"
          }
        }
      ]
    },
    {
      "module": "module.user_mrwilson",
      "mode": "data",
      "type": "github_team",
      "name": "approvers_team",
      "provider": "provider.github",
      "instances": [
        {
          "schema_version": 0,
          "attributes": {
            "description": "Verify tech team: verify-tech-team-approvers",
            "id": "3101758",
            "members": [
              "idrop",
              "galund",
              "issyl0",
              "mrwilson",
              "philandstuff",
              "chrisholmes",
              "Krenair",
              "thomasalanlee",
              "tlwr",
              "kerrr",
              "robinmitra",
              "brenetic",
              "CharlesIC",
              "sakisv",
              "ronocg",
              "Rosa-Fox",
              "chrisclayson",
              "smford",
              "blairboy362",
              "Wynndow",
              "andy-paine",
              "tomrosier",
              "bjgill",
              "michaelabenyohai",
              "bravegrape",
              "jstandring-gds",
              "mhussein-gds",
              "adityapahuja",
              "rhowe-gds",
              "AmritSidhu"
            ],
            "name": "verify-tech-team-approvers",
            "permission": "pull",
            "privacy": "closed",
            "slug": "verify-tech-team-approvers"
          }
        }
      ]
    },
    {
      "module": "module.user_adityapahuja",
      "mode": "data",
      "type": "github_team",
      "name": "approvers_team",
      "provider": "provider.github",
      "instances": [
        {
          "schema_version": 0,
          "attributes": {
            "description": "Verify tech team: verify-tech-team-approvers",
            "id": "3101758",
            "members": [
              "idrop",
              "galund",
              "issyl0",
              "mrwilson",
              "philandstuff",
              "chrisholmes",
              "Krenair",
              "thomasalanlee",
              "tlwr",
              "kerrr",
              "robinmitra",
              "brenetic",
              "CharlesIC",
              "sakisv",
              "ronocg",
              "Rosa-Fox",
              "chrisclayson",
              "smford",
              "blairboy362",
              "Wynndow",
              "andy-paine",
              "tomrosier",
              "bjgill",
              "michaelabenyohai",
              "bravegrape",
              "jstandring-gds",
              "mhussein-gds",
              "adityapahuja",
              "rhowe-gds",
              "AmritSidhu"
            ],
            "name": "verify-tech-team-approvers",
            "permission": "pull",
            "privacy": "closed",
            "slug": "verify-tech-team-approvers"
          }
        }
      ]
    },
    {
      "module": "module.user_j_maynard",
      "mode": "data",
      "type": "github_team",
      "name": "approvers_team",
      "provider": "provider.github",
      "instances": [
        {
          "schema_version": 0,
          "attributes": {
            "description": "Verify tech team: verify-tech-team-approvers",
            "id": "3101758",
            "members": [
              "idrop",
              "galund",
              "issyl0",
              "mrwilson",
              "philandstuff",
              "chrisholmes",
              "Krenair",
              "thomasalanlee",
              "tlwr",
              "kerrr",
              "robinmitra",
              "brenetic",
              "CharlesIC",
              "sakisv",
              "ronocg",
              "Rosa-Fox",
              "chrisclayson",
              "smford",
              "blairboy362",
              "Wynndow",
              "andy-paine",
              "tomrosier",
              "bjgill",
              "michaelabenyohai",
              "bravegrape",
              "jstandring-gds",
              "mhussein-gds",
              "adityapahuja",
              "rhowe-gds",
              "AmritSidhu"
            ],
            "name": "verify-tech-team-approvers",
            "permission": "pull",
            "privacy": "closed",
            "slug": "verify-tech-team-approvers"
          }
        }
      ]
    },
    {
      "module": "module.user_gdsnewt",
      "mode": "data",
      "type": "github_team",
      "name": "approvers_team",
      "provider": "provider.github",
      "instances": [
        {
          "schema_version": 0,
          "attributes": {
            "description": "Verify tech team: verify-tech-team-approvers",
            "id": "3101758",
            "members": [
              "idrop",
              "galund",
              "issyl0",
              "mrwilson",
              "philandstuff",
              "chrisholmes",
              "Krenair",
              "thomasalanlee",
              "tlwr",
              "kerrr",
              "robinmitra",
              "brenetic",
              "CharlesIC",
              "sakisv",
              "ronocg",
              "Rosa-Fox",
              "chrisclayson",
              "smford",
              "blairboy362",
              "Wynndow",
              "andy-paine",
              "tomrosier",
              "bjgill",
              "michaelabenyohai",
              "bravegrape",
              "jstandring-gds",
              "mhussein-gds",
              "adityapahuja",
              "rhowe-gds",
              "AmritSidhu"
            ],
            "name": "verify-tech-team-approvers",
            "permission": "pull",
            "privacy": "closed",
            "slug": "verify-tech-team-approvers"
          }
        }
      ]
    },
    {
      "module": "module.user_kerrr",
      "mode": "data",
      "type": "github_team",
      "name": "approvers_team",
      "provider": "provider.github",
      "instances": [
        {
          "schema_version": 0,
          "attributes": {
            "description": "Verify tech team: verify-tech-team-approvers",
            "id": "3101758",
            "members": [
              "idrop",
              "galund",
              "issyl0",
              "mrwilson",
              "philandstuff",
              "chrisholmes",
              "Krenair",
              "thomasalanlee",
              "tlwr",
              "kerrr",
              "robinmitra",
              "brenetic",
              "CharlesIC",
              "sakisv",
              "ronocg",
              "Rosa-Fox",
              "chrisclayson",
              "smford",
              "blairboy362",
              "Wynndow",
              "andy-paine",
              "tomrosier",
              "bjgill",
              "michaelabenyohai",
              "bravegrape",
              "jstandring-gds",
              "mhussein-gds",
              "adityapahuja",
              "rhowe-gds",
              "AmritSidhu"
            ],
            "name": "verify-tech-team-approvers",
            "permission": "pull",
            "privacy": "closed",
            "slug": "verify-tech-team-approvers"
          }
        }
      ]
    },
    {
      "module": "module.user_idacodacybot",
      "mode": "data",
      "type": "github_team",
      "name": "approvers_team",
      "provider": "provider.github",
      "instances": [
        {
          "schema_version": 0,
          "attributes": {
            "description": "Verify tech team: verify-tech-team-approvers",
            "id": "3101758",
            "members": [
              "idrop",
              "galund",
              "issyl0",
              "mrwilson",
              "philandstuff",
              "chrisholmes",
              "Krenair",
              "thomasalanlee",
              "tlwr",
              "kerrr",
              "robinmitra",
              "brenetic",
              "CharlesIC",
              "sakisv",
              "ronocg",
              "Rosa-Fox",
              "chrisclayson",
              "smford",
              "blairboy362",
              "Wynndow",
              "andy-paine",
              "tomrosier",
              "bjgill",
              "michaelabenyohai",
              "bravegrape",
              "jstandring-gds",
              "mhussein-gds",
              "adityapahuja",
              "rhowe-gds",
              "AmritSidhu"
            ],
            "name": "verify-tech-team-approvers",
            "permission": "pull",
            "privacy": "closed",
            "slug": "verify-tech-team-approvers"
          }
        }
      ]
    },
    {
      "module": "module.user_ronocg",
      "mode": "data",
      "type": "github_team",
      "name": "approvers_team",
      "provider": "provider.github",
      "instances": [
        {
          "schema_version": 0,
          "attributes": {
            "description": "Verify tech team: verify-tech-team-approvers",
            "id": "3101758",
            "members": [
              "idrop",
              "galund",
              "issyl0",
              "mrwilson",
              "philandstuff",
              "chrisholmes",
              "Krenair",
              "thomasalanlee",
              "tlwr",
              "kerrr",
              "robinmitra",
              "brenetic",
              "CharlesIC",
              "sakisv",
              "ronocg",
              "Rosa-Fox",
              "chrisclayson",
              "smford",
              "blairboy362",
              "Wynndow",
              "andy-paine",
              "tomrosier",
              "bjgill",
              "michaelabenyohai",
              "bravegrape",
              "jstandring-gds",
              "mhussein-gds",
              "adityapahuja",
              "rhowe-gds",
              "AmritSidhu"
            ],
            "name": "verify-tech-team-approvers",
            "permission": "pull",
            "privacy": "closed",
            "slug": "verify-tech-team-approvers"
          }
        }
      ]
    },
    {
      "module": "module.user_jakubmiarka",
      "mode": "data",
      "type": "github_team",
      "name": "approvers_team",
      "provider": "provider.github",
      "instances": [
        {
          "schema_version": 0,
          "attributes": {
            "description": "Verify tech team: verify-tech-team-approvers",
            "id": "3101758",
            "members": [
              "idrop",
              "galund",
              "issyl0",
              "mrwilson",
              "philandstuff",
              "chrisholmes",
              "Krenair",
              "thomasalanlee",
              "tlwr",
              "kerrr",
              "robinmitra",
              "brenetic",
              "CharlesIC",
              "sakisv",
              "ronocg",
              "Rosa-Fox",
              "chrisclayson",
              "smford",
              "blairboy362",
              "Wynndow",
              "andy-paine",
              "tomrosier",
              "bjgill",
              "michaelabenyohai",
              "bravegrape",
              "jstandring-gds",
              "mhussein-gds",
              "adityapahuja",
              "rhowe-gds",
              "AmritSidhu"
            ],
            "name": "verify-tech-team-approvers",
            "permission": "pull",
            "privacy": "closed",
            "slug": "verify-tech-team-approvers"
          }
        }
      ]
    },
    {
      "module": "module.user_poveyd",
      "mode": "data",
      "type": "github_team",
      "name": "approvers_team",
      "provider": "provider.github",
      "instances": [
        {
          "schema_version": 0,
          "attributes": {
            "description": "Verify tech team: verify-tech-team-approvers",
            "id": "3101758",
            "members": [
              "idrop",
              "galund",
              "issyl0",
              "mrwilson",
              "philandstuff",
              "chrisholmes",
              "Krenair",
              "thomasalanlee",
              "tlwr",
              "kerrr",
              "robinmitra",
              "brenetic",
              "CharlesIC",
              "sakisv",
              "ronocg",
              "Rosa-Fox",
              "chrisclayson",
              "smford",
              "blairboy362",
              "Wynndow",
              "andy-paine",
              "tomrosier",
              "bjgill",
              "michaelabenyohai",
              "bravegrape",
              "jstandring-gds",
              "mhussein-gds",
              "adityapahuja",
              "rhowe-gds",
              "AmritSidhu"
            ],
            "name": "verify-tech-team-approvers",
            "permission": "pull",
            "privacy": "closed",
            "slug": "verify-tech-team-approvers"
          }
        }
      ]
    },
    {
      "module": "module.user_tlwr",
      "mode": "data",
      "type": "github_team",
      "name": "approvers_team",
      "provider": "provider.github",
      "instances": [
        {
          "schema_version": 0,
          "attributes": {
            "description": "Verify tech team: verify-tech-team-approvers",
            "id": "3101758",
            "members": [
              "idrop",
              "galund",
              "issyl0",
              "mrwilson",
              "philandstuff",
              "chrisholmes",
              "Krenair",
              "thomasalanlee",
              "tlwr",
              "kerrr",
              "robinmitra",
              "brenetic",
              "CharlesIC",
              "sakisv",
              "ronocg",
              "Rosa-Fox",
              "chrisclayson",
              "smford",
              "blairboy362",
              "Wynndow",
              "andy-paine",
              "tomrosier",
              "bjgill",
              "michaelabenyohai",
              "bravegrape",
              "jstandring-gds",
              "mhussein-gds",
              "adityapahuja",
              "rhowe-gds",
              "AmritSidhu"
            ],
            "name": "verify-tech-team-approvers",
            "permission": "pull",
            "privacy": "closed",
            "slug": "verify-tech-team-approvers"
          }
        }
      ]
    },
    {
      "module": "module.user_chrisholmes",
      "mode": "data",
      "type": "github_team",
      "name": "approvers_team",
      "provider": "provider.github",
      "instances": [
        {
          "schema_version": 0,
          "attributes": {
            "description": "Verify tech team: verify-tech-team-approvers",
            "id": "3101758",
            "members": [
              "idrop",
              "galund",
              "issyl0",
              "mrwilson",
              "philandstuff",
              "chrisholmes",
              "Krenair",
              "thomasalanlee",
              "tlwr",
              "kerrr",
              "robinmitra",
              "brenetic",
              "CharlesIC",
              "sakisv",
              "ronocg",
              "Rosa-Fox",
              "chrisclayson",
              "smford",
              "blairboy362",
              "Wynndow",
              "andy-paine",
              "tomrosier",
              "bjgill",
              "michaelabenyohai",
              "bravegrape",
              "jstandring-gds",
              "mhussein-gds",
              "adityapahuja",
              "rhowe-gds",
              "AmritSidhu"
            ],
            "name": "verify-tech-team-approvers",
            "permission": "pull",
            "privacy": "closed",
            "slug": "verify-tech-team-approvers"
          }
        }
      ]
    },
    {
      "module": "module.user_mhussein_gds",
      "mode": "data",
      "type": "github_team",
      "name": "approvers_team",
      "provider": "provider.github",
      "instances": [
        {
          "schema_version": 0,
          "attributes": {
            "description": "Verify tech team: verify-tech-team-approvers",
            "id": "3101758",
            "members": [
              "idrop",
              "galund",
              "issyl0",
              "mrwilson",
              "philandstuff",
              "chrisholmes",
              "Krenair",
              "thomasalanlee",
              "tlwr",
              "kerrr",
              "robinmitra",
              "brenetic",
              "CharlesIC",
              "sakisv",
              "ronocg",
              "Rosa-Fox",
              "chrisclayson",
              "smford",
              "blairboy362",
              "Wynndow",
              "andy-paine",
              "tomrosier",
              "bjgill",
              "michaelabenyohai",
              "bravegrape",
              "jstandring-gds",
              "mhussein-gds",
              "adityapahuja",
              "rhowe-gds",
              "AmritSidhu"
            ],
            "name": "verify-tech-team-approvers",
            "permission": "pull",
            "privacy": "closed",
            "slug": "verify-tech-team-approvers"
          }
        }
      ]
    },
    {
      "module": "module.user_ida_build_bot",
      "mode": "data",
      "type": "github_team",
      "name": "approvers_team",
      "provider": "provider.github",
      "instances": [
        {
          "schema_version": 0,
          "attributes": {
            "description": "Verify tech team: verify-tech-team-approvers",
            "id": "3101758",
            "members": [
              "idrop",
              "galund",
              "issyl0",
              "mrwilson",
              "philandstuff",
              "chrisholmes",
              "Krenair",
              "thomasalanlee",
              "tlwr",
              "kerrr",
              "robinmitra",
              "brenetic",
              "CharlesIC",
              "sakisv",
              "ronocg",
              "Rosa-Fox",
              "chrisclayson",
              "smford",
              "blairboy362",
              "Wynndow",
              "andy-paine",
              "tomrosier",
              "bjgill",
              "michaelabenyohai",
              "bravegrape",
              "jstandring-gds",
              "mhussein-gds",
              "adityapahuja",
              "rhowe-gds",
              "AmritSidhu"
            ],
            "name": "verify-tech-team-approvers",
            "permission": "pull",
            "privacy": "closed",
            "slug": "verify-tech-team-approvers"
          }
        }
      ]
    },
    {
      "module": "module.user_idrop",
      "mode": "data",
      "type": "github_team",
      "name": "approvers_team",
      "provider": "provider.github",
      "instances": [
        {
          "schema_version": 0,
          "attributes": {
            "description": "Verify tech team: verify-tech-team-approvers",
            "id": "3101758",
            "members": [
              "idrop",
              "galund",
              "issyl0",
              "mrwilson",
              "philandstuff",
              "chrisholmes",
              "Krenair",
              "thomasalanlee",
              "tlwr",
              "kerrr",
              "robinmitra",
              "brenetic",
              "CharlesIC",
              "sakisv",
              "ronocg",
              "Rosa-Fox",
              "chrisclayson",
              "smford",
              "blairboy362",
              "Wynndow",
              "andy-paine",
              "tomrosier",
              "bjgill",
              "michaelabenyohai",
              "bravegrape",
              "jstandring-gds",
              "mhussein-gds",
              "adityapahuja",
              "rhowe-gds",
              "AmritSidhu"
            ],
            "name": "verify-tech-team-approvers",
            "permission": "pull",
            "privacy": "closed",
            "slug": "verify-tech-team-approvers"
          }
        }
      ]
    },
    {
      "module": "module.user_sarahdean",
      "mode": "data",
      "type": "github_team",
      "name": "approvers_team",
      "provider": "provider.github",
      "instances": [
        {
          "schema_version": 0,
          "attributes": {
            "description": "Verify tech team: verify-tech-team-approvers",
            "id": "3101758",
            "members": [
              "idrop",
              "galund",
              "issyl0",
              "mrwilson",
              "philandstuff",
              "chrisholmes",
              "Krenair",
              "thomasalanlee",
              "tlwr",
              "kerrr",
              "robinmitra",
              "brenetic",
              "CharlesIC",
              "sakisv",
              "ronocg",
              "Rosa-Fox",
              "chrisclayson",
              "smford",
              "blairboy362",
              "Wynndow",
              "andy-paine",
              "tomrosier",
              "bjgill",
              "michaelabenyohai",
              "bravegrape",
              "jstandring-gds",
              "mhussein-gds",
              "adityapahuja",
              "rhowe-gds",
              "AmritSidhu"
            ],
            "name": "verify-tech-team-approvers",
            "permission": "pull",
            "privacy": "closed",
            "slug": "verify-tech-team-approvers"
          }
        }
      ]
    },
    {
      "module": "module.user_mariaslo",
      "mode": "data",
      "type": "github_team",
      "name": "approvers_team",
      "provider": "provider.github",
      "instances": [
        {
          "schema_version": 0,
          "attributes": {
            "description": "Verify tech team: verify-tech-team-approvers",
            "id": "3101758",
            "members": [
              "idrop",
              "galund",
              "issyl0",
              "mrwilson",
              "philandstuff",
              "chrisholmes",
              "Krenair",
              "thomasalanlee",
              "tlwr",
              "kerrr",
              "robinmitra",
              "brenetic",
              "CharlesIC",
              "sakisv",
              "ronocg",
              "Rosa-Fox",
              "chrisclayson",
              "smford",
              "blairboy362",
              "Wynndow",
              "andy-paine",
              "tomrosier",
              "bjgill",
              "michaelabenyohai",
              "bravegrape",
              "jstandring-gds",
              "mhussein-gds",
              "adityapahuja",
              "rhowe-gds",
              "AmritSidhu"
            ],
            "name": "verify-tech-team-approvers",
            "permission": "pull",
            "privacy": "closed",
            "slug": "verify-tech-team-approvers"
          }
        }
      ]
    },
    {
      "module": "module.user_alan_gds",
      "mode": "data",
      "type": "github_team",
      "name": "approvers_team",
      "provider": "provider.github",
      "instances": [
        {
          "schema_version": 0,
          "attributes": {
            "description": "Verify tech team: verify-tech-team-approvers",
            "id": "3101758",
            "members": [
              "idrop",
              "galund",
              "issyl0",
              "mrwilson",
              "philandstuff",
              "chrisholmes",
              "Krenair",
              "thomasalanlee",
              "tlwr",
              "kerrr",
              "robinmitra",
              "brenetic",
              "CharlesIC",
              "sakisv",
              "ronocg",
              "Rosa-Fox",
              "chrisclayson",
              "smford",
              "blairboy362",
              "Wynndow",
              "andy-paine",
              "tomrosier",
              "bjgill",
              "michaelabenyohai",
              "bravegrape",
              "jstandring-gds",
              "mhussein-gds",
              "adityapahuja",
              "rhowe-gds",
              "AmritSidhu"
            ],
            "name": "verify-tech-team-approvers",
            "permission": "pull",
            "privacy": "closed",
            "slug": "verify-tech-team-approvers"
          }
        }
      ]
    },
    {
      "module": "module.user_chris_wynne",
      "mode": "data",
      "type": "github_team",
      "name": "approvers_team",
      "provider": "provider.github",
      "instances": [
        {
          "schema_version": 0,
          "attributes": {
            "description": "Verify tech team: verify-tech-team-approvers",
            "id": "3101758",
            "members": [
              "idrop",
              "galund",
              "issyl0",
              "mrwilson",
              "philandstuff",
              "chrisholmes",
              "Krenair",
              "thomasalanlee",
              "tlwr",
              "kerrr",
              "robinmitra",
              "brenetic",
              "CharlesIC",
              "sakisv",
              "ronocg",
              "Rosa-Fox",
              "chrisclayson",
              "smford",
              "blairboy362",
              "Wynndow",
              "andy-paine",
              "tomrosier",
              "bjgill",
              "michaelabenyohai",
              "bravegrape",
              "jstandring-gds",
              "mhussein-gds",
              "adityapahuja",
              "rhowe-gds",
              "AmritSidhu"
            ],
            "name": "verify-tech-team-approvers",
            "permission": "pull",
            "privacy": "closed",
            "slug": "verify-tech-team-approvers"
          }
        }
      ]
    },
    {
      "module": "module.user_jkunle",
      "mode": "data",
      "type": "github_team",
      "name": "approvers_team",
      "provider": "provider.github",
      "instances": [
        {
          "schema_version": 0,
          "attributes": {
            "description": "Verify tech team: verify-tech-team-approvers",
            "id": "3101758",
            "members": [
              "idrop",
              "galund",
              "issyl0",
              "mrwilson",
              "philandstuff",
              "chrisholmes",
              "Krenair",
              "thomasalanlee",
              "tlwr",
              "kerrr",
              "robinmitra",
              "brenetic",
              "CharlesIC",
              "sakisv",
              "ronocg",
              "Rosa-Fox",
              "chrisclayson",
              "smford",
              "blairboy362",
              "Wynndow",
              "andy-paine",
              "tomrosier",
              "bjgill",
              "michaelabenyohai",
              "bravegrape",
              "jstandring-gds",
              "mhussein-gds",
              "adityapahuja",
              "rhowe-gds",
              "AmritSidhu"
            ],
            "name": "verify-tech-team-approvers",
            "permission": "pull",
            "privacy": "closed",
            "slug": "verify-tech-team-approvers"
          }
        }
      ]
    },
    {
      "mode": "data",
      "type": "github_team",
      "name": "core",
      "provider": "provider.github",
      "instances": [
        {
          "schema_version": 0,
          "attributes": {
            "description": "Verify tech team: verify-tech-team-core",
            "id": "2826122",
            "members": [
              "idrop",
              "galund",
              "issyl0",
              "mrwilson",
              "philandstuff",
              "chrisholmes",
              "Krenair",
              "thomasalanlee",
              "tlwr",
              "kerrr",
              "instantiator",
              "zilnhoj",
              "Todai88",
              "robinmitra",
              "brenetic",
              "nacnudus",
              "CharlesIC",
              "jkunle",
              "sakisv",
              "ronocg",
              "Rosa-Fox",
              "AnneCarr",
              "ida-build-bot",
              "chrisclayson",
              "blairboy362",
              "Wynndow",
              "andy-paine",
              "tomrosier",
              "bjgill",
              "michaelabenyohai"
            ],
            "name": "verify-tech-team-core",
            "permission": "pull",
            "privacy": "closed",
            "slug": "verify-tech-team-core"
          }
        }
      ]
    },
    {
      "mode": "data",
      "type": "github_team",
      "name": "eidas",
      "provider": "provider.github",
      "instances": [
        {
          "schema_version": 0,
          "attributes": {
            "description": "Verify tech team: verify-tech-team-eidas",
            "id": "2826126",
            "members": [
              "idrop",
              "chrisholmes",
              "thomasalanlee",
              "instantiator",
              "CharlesIC",
              "ida-build-bot",
              "blairboy362",
              "Wynndow",
              "tomrosier",
              "michaelabenyohai",
              "benjamin-mortimer",
              "JHjava",
              "dbes-gds",
              "JohnWattsGDS",
              "ida-codacy-bot"
            ],
            "name": "verify-tech-team-eidas",
            "permission": "pull",
            "privacy": "closed",
            "slug": "verify-tech-team-eidas"
          }
        }
      ]
    },
    {
      "mode": "data",
      "type": "github_team",
      "name": "infrastructure",
      "provider": "provider.github",
      "instances": [
        {
          "schema_version": 0,
          "attributes": {
            "description": "Verify tech team: verify-tech-team-infrastructure",
            "id": "2826127",
            "members": [
              "issyl0",
              "philandstuff",
              "chrisholmes",
              "Krenair",
              "thomasalanlee",
              "tlwr",
              "sakisv",
              "stephengrier",
              "smford",
              "blairboy362",
              "andy-paine",
              "michaelabenyohai",
              "jstandring-gds",
              "adityapahuja",
              "rhowe-gds",
              "szd55gds"
            ],
            "name": "verify-tech-team-infrastructure",
            "permission": "pull",
            "privacy": "closed",
            "slug": "verify-tech-team-infrastructure"
          }
        }
      ]
    },
    {
      "module": "module.user_johnwattsgds",
      "mode": "data",
      "type": "github_team",
      "name": "tech_team",
      "provider": "provider.github",
      "instances": [
        {
          "schema_version": 0,
          "attributes": {
            "description": "Verify Tech Team",
            "id": "2830432",
            "members": [
              "idrop",
              "galund",
              "issyl0",
              "mrwilson",
              "philandstuff",
              "chrisholmes",
              "Krenair",
              "thomasalanlee",
              "tlwr",
              "kerrr",
              "instantiator",
              "zilnhoj",
              "Todai88",
              "robinmitra",
              "brenetic",
              "nacnudus",
              "CharlesIC",
              "jkunle",
              "sakisv",
              "stephengrier",
              "ronocg",
              "Rosa-Fox",
              "AnneCarr",
              "ida-build-bot",
              "chrisclayson",
              "smford",
              "blairboy362",
              "Wynndow",
              "andy-paine",
              "tomrosier"
            ],
            "name": "verify-tech-team",
            "permission": "pull",
            "privacy": "closed",
            "slug": "verify-tech-team"
          }
        }
      ]
    },
    {
      "module": "module.user_benjamin_mortimer",
      "mode": "data",
      "type": "github_team",
      "name": "tech_team",
      "provider": "provider.github",
      "instances": [
        {
          "schema_version": 0,
          "attributes": {
            "description": "Verify Tech Team",
            "id": "2830432",
            "members": [
              "idrop",
              "galund",
              "issyl0",
              "mrwilson",
              "philandstuff",
              "chrisholmes",
              "Krenair",
              "thomasalanlee",
              "tlwr",
              "kerrr",
              "instantiator",
              "zilnhoj",
              "Todai88",
              "robinmitra",
              "brenetic",
              "nacnudus",
              "CharlesIC",
              "jkunle",
              "sakisv",
              "stephengrier",
              "ronocg",
              "Rosa-Fox",
              "AnneCarr",
              "ida-build-bot",
              "chrisclayson",
              "smford",
              "blairboy362",
              "Wynndow",
              "andy-paine",
              "tomrosier"
            ],
            "name": "verify-tech-team",
            "permission": "pull",
            "privacy": "closed",
            "slug": "verify-tech-team"
          }
        }
      ]
    },
    {
      "module": "module.user_sistephens",
      "mode": "data",
      "type": "github_team",
      "name": "tech_team",
      "provider": "provider.github",
      "instances": [
        {
          "schema_version": 0,
          "attributes": {
            "description": "Verify Tech Team",
            "id": "2830432",
            "members": [
              "idrop",
              "galund",
              "issyl0",
              "mrwilson",
              "philandstuff",
              "chrisholmes",
              "Krenair",
              "thomasalanlee",
              "tlwr",
              "kerrr",
              "instantiator",
              "zilnhoj",
              "Todai88",
              "robinmitra",
              "brenetic",
              "nacnudus",
              "CharlesIC",
              "jkunle",
              "sakisv",
              "stephengrier",
              "ronocg",
              "Rosa-Fox",
              "AnneCarr",
              "ida-build-bot",
              "chrisclayson",
              "smford",
              "blairboy362",
              "Wynndow",
              "andy-paine",
              "tomrosier"
            ],
            "name": "verify-tech-team",
            "permission": "pull",
            "privacy": "closed",
            "slug": "verify-tech-team"
          }
        }
      ]
    },
    {
      "module": "module.user_szd55gds",
      "mode": "data",
      "type": "github_team",
      "name": "tech_team",
      "provider": "provider.github",
      "instances": [
        {
          "schema_version": 0,
          "attributes": {
            "description": "Verify Tech Team",
            "id": "2830432",
            "members": [
              "idrop",
              "galund",
              "issyl0",
              "mrwilson",
              "philandstuff",
              "chrisholmes",
              "Krenair",
              "thomasalanlee",
              "tlwr",
              "kerrr",
              "instantiator",
              "zilnhoj",
              "Todai88",
              "robinmitra",
              "brenetic",
              "nacnudus",
              "CharlesIC",
              "jkunle",
              "sakisv",
              "stephengrier",
              "ronocg",
              "Rosa-Fox",
              "AnneCarr",
              "ida-build-bot",
              "chrisclayson",
              "smford",
              "blairboy362",
              "Wynndow",
              "andy-paine",
              "tomrosier"
            ],
            "name": "verify-tech-team",
            "permission": "pull",
            "privacy": "closed",
            "slug": "verify-tech-team"
          }
        }
      ]
    },
    {
      "module": "module.user_zilnhoj",
      "mode": "data",
      "type": "github_team",
      "name": "tech_team",
      "provider": "provider.github",
      "instances": [
        {
          "schema_version": 0,
          "attributes": {
            "description": "Verify Tech Team",
            "id": "2830432",
            "members": [
              "idrop",
              "galund",
              "issyl0",
              "mrwilson",
              "philandstuff",
              "chrisholmes",
              "Krenair",
              "thomasalanlee",
              "tlwr",
              "kerrr",
              "instantiator",
              "zilnhoj",
              "Todai88",
              "robinmitra",
              "brenetic",
              "nacnudus",
              "CharlesIC",
              "jkunle",
              "sakisv",
              "stephengrier",
              "ronocg",
              "Rosa-Fox",
              "AnneCarr",
              "ida-build-bot",
              "chrisclayson",
              "smford",
              "blairboy362",
              "Wynndow",
              "andy-paine",
              "tomrosier"
            ],
            "name": "verify-tech-team",
            "permission": "pull",
            "privacy": "closed",
            "slug": "verify-tech-team"
          }
        }
      ]
    },
    {
      "module": "module.user_galund",
      "mode": "data",
      "type": "github_team",
      "name": "tech_team",
      "provider": "provider.github",
      "instances": [
        {
          "schema_version": 0,
          "attributes": {
            "description": "Verify Tech Team",
            "id": "2830432",
            "members": [
              "idrop",
              "galund",
              "issyl0",
              "mrwilson",
              "philandstuff",
              "chrisholmes",
              "Krenair",
              "thomasalanlee",
              "tlwr",
              "kerrr",
              "instantiator",
              "zilnhoj",
              "Todai88",
              "robinmitra",
              "brenetic",
              "nacnudus",
              "CharlesIC",
              "jkunle",
              "sakisv",
              "stephengrier",
              "ronocg",
              "Rosa-Fox",
              "AnneCarr",
              "ida-build-bot",
              "chrisclayson",
              "smford",
              "blairboy362",
              "Wynndow",
              "andy-paine",
              "tomrosier"
            ],
            "name": "verify-tech-team",
            "permission": "pull",
            "privacy": "closed",
            "slug": "verify-tech-team"
          }
        }
      ]
    },
    {
      "module": "module.user_charlesic",
      "mode": "data",
      "type": "github_team",
      "name": "tech_team",
      "provider": "provider.github",
      "instances": [
        {
          "schema_version": 0,
          "attributes": {
            "description": "Verify Tech Team",
            "id": "2830432",
            "members": [
              "idrop",
              "galund",
              "issyl0",
              "mrwilson",
              "philandstuff",
              "chrisholmes",
              "Krenair",
              "thomasalanlee",
              "tlwr",
              "kerrr",
              "instantiator",
              "zilnhoj",
              "Todai88",
              "robinmitra",
              "brenetic",
              "nacnudus",
              "CharlesIC",
              "jkunle",
              "sakisv",
              "stephengrier",
              "ronocg",
              "Rosa-Fox",
              "AnneCarr",
              "ida-build-bot",
              "chrisclayson",
              "smford",
              "blairboy362",
              "Wynndow",
              "andy-paine",
              "tomrosier"
            ],
            "name": "verify-tech-team",
            "permission": "pull",
            "privacy": "closed",
            "slug": "verify-tech-team"
          }
        }
      ]
    },
    {
      "module": "module.user_michaelabenyohai",
      "mode": "data",
      "type": "github_team",
      "name": "tech_team",
      "provider": "provider.github",
      "instances": [
        {
          "schema_version": 0,
          "attributes": {
            "description": "Verify Tech Team",
            "id": "2830432",
            "members": [
              "idrop",
              "galund",
              "issyl0",
              "mrwilson",
              "philandstuff",
              "chrisholmes",
              "Krenair",
              "thomasalanlee",
              "tlwr",
              "kerrr",
              "instantiator",
              "zilnhoj",
              "Todai88",
              "robinmitra",
              "brenetic",
              "nacnudus",
              "CharlesIC",
              "jkunle",
              "sakisv",
              "stephengrier",
              "ronocg",
              "Rosa-Fox",
              "AnneCarr",
              "ida-build-bot",
              "chrisclayson",
              "smford",
              "blairboy362",
              "Wynndow",
              "andy-paine",
              "tomrosier"
            ],
            "name": "verify-tech-team",
            "permission": "pull",
            "privacy": "closed",
            "slug": "verify-tech-team"
          }
        }
      ]
    },
    {
      "module": "module.user_amritsidhu",
      "mode": "data",
      "type": "github_team",
      "name": "tech_team",
      "provider": "provider.github",
      "instances": [
        {
          "schema_version": 0,
          "attributes": {
            "description": "Verify Tech Team",
            "id": "2830432",
            "members": [
              "idrop",
              "galund",
              "issyl0",
              "mrwilson",
              "philandstuff",
              "chrisholmes",
              "Krenair",
              "thomasalanlee",
              "tlwr",
              "kerrr",
              "instantiator",
              "zilnhoj",
              "Todai88",
              "robinmitra",
              "brenetic",
              "nacnudus",
              "CharlesIC",
              "jkunle",
              "sakisv",
              "stephengrier",
              "ronocg",
              "Rosa-Fox",
              "AnneCarr",
              "ida-build-bot",
              "chrisclayson",
              "smford",
              "blairboy362",
              "Wynndow",
              "andy-paine",
              "tomrosier"
            ],
            "name": "verify-tech-team",
            "permission": "pull",
            "privacy": "closed",
            "slug": "verify-tech-team"
          }
        }
      ]
    },
    {
      "module": "module.user_coleni",
      "mode": "data",
      "type": "github_team",
      "name": "tech_team",
      "provider": "provider.github",
      "instances": [
        {
          "schema_version": 0,
          "attributes": {
            "description": "Verify Tech Team",
            "id": "2830432",
            "members": [
              "idrop",
              "galund",
              "issyl0",
              "mrwilson",
              "philandstuff",
              "chrisholmes",
              "Krenair",
              "thomasalanlee",
              "tlwr",
              "kerrr",
              "instantiator",
              "zilnhoj",
              "Todai88",
              "robinmitra",
              "brenetic",
              "nacnudus",
              "CharlesIC",
              "jkunle",
              "sakisv",
              "stephengrier",
              "ronocg",
              "Rosa-Fox",
              "AnneCarr",
              "ida-build-bot",
              "chrisclayson",
              "smford",
              "blairboy362",
              "Wynndow",
              "andy-paine",
              "tomrosier"
            ],
            "name": "verify-tech-team",
            "permission": "pull",
            "privacy": "closed",
            "slug": "verify-tech-team"
          }
        }
      ]
    },
    {
      "module": "module.user_dbes_gds",
      "mode": "data",
      "type": "github_team",
      "name": "tech_team",
      "provider": "provider.github",
      "instances": [
        {
          "schema_version": 0,
          "attributes": {
            "description": "Verify Tech Team",
            "id": "2830432",
            "members": [
              "idrop",
              "galund",
              "issyl0",
              "mrwilson",
              "philandstuff",
              "chrisholmes",
              "Krenair",
              "thomasalanlee",
              "tlwr",
              "kerrr",
              "instantiator",
              "zilnhoj",
              "Todai88",
              "robinmitra",
              "brenetic",
              "nacnudus",
              "CharlesIC",
              "jkunle",
              "sakisv",
              "stephengrier",
              "ronocg",
              "Rosa-Fox",
              "AnneCarr",
              "ida-build-bot",
              "chrisclayson",
              "smford",
              "blairboy362",
              "Wynndow",
              "andy-paine",
              "tomrosier"
            ],
            "name": "verify-tech-team",
            "permission": "pull",
            "privacy": "closed",
            "slug": "verify-tech-team"
          }
        }
      ]
    },
    {
      "module": "module.user_instantiator",
      "mode": "data",
      "type": "github_team",
      "name": "tech_team",
      "provider": "provider.github",
      "instances": [
        {
          "schema_version": 0,
          "attributes": {
            "description": "Verify Tech Team",
            "id": "2830432",
            "members": [
              "idrop",
              "galund",
              "issyl0",
              "mrwilson",
              "philandstuff",
              "chrisholmes",
              "Krenair",
              "thomasalanlee",
              "tlwr",
              "kerrr",
              "instantiator",
              "zilnhoj",
              "Todai88",
              "robinmitra",
              "brenetic",
              "nacnudus",
              "CharlesIC",
              "jkunle",
              "sakisv",
              "stephengrier",
              "ronocg",
              "Rosa-Fox",
              "AnneCarr",
              "ida-build-bot",
              "chrisclayson",
              "smford",
              "blairboy362",
              "Wynndow",
              "andy-paine",
              "tomrosier"
            ],
            "name": "verify-tech-team",
            "permission": "pull",
            "privacy": "closed",
            "slug": "verify-tech-team"
          }
        }
      ]
    },
    {
      "module": "module.user_robinmitra",
      "mode": "data",
      "type": "github_team",
      "name": "tech_team",
      "provider": "provider.github",
      "instances": [
        {
          "schema_version": 0,
          "attributes": {
            "description": "Verify Tech Team",
            "id": "2830432",
            "members": [
              "idrop",
              "galund",
              "issyl0",
              "mrwilson",
              "philandstuff",
              "chrisholmes",
              "Krenair",
              "thomasalanlee",
              "tlwr",
              "kerrr",
              "instantiator",
              "zilnhoj",
              "Todai88",
              "robinmitra",
              "brenetic",
              "nacnudus",
              "CharlesIC",
              "jkunle",
              "sakisv",
              "stephengrier",
              "ronocg",
              "Rosa-Fox",
              "AnneCarr",
              "ida-build-bot",
              "chrisclayson",
              "smford",
              "blairboy362",
              "Wynndow",
              "andy-paine",
              "tomrosier"
            ],
            "name": "verify-tech-team",
            "permission": "pull",
            "privacy": "closed",
            "slug": "verify-tech-team"
          }
        }
      ]
    },
    {
      "module": "module.user_smford",
      "mode": "data",
      "type": "github_team",
      "name": "tech_team",
      "provider": "provider.github",
      "instances": [
        {
          "schema_version": 0,
          "attributes": {
            "description": "Verify Tech Team",
            "id": "2830432",
            "members": [
              "idrop",
              "galund",
              "issyl0",
              "mrwilson",
              "philandstuff",
              "chrisholmes",
              "Krenair",
              "thomasalanlee",
              "tlwr",
              "kerrr",
              "instantiator",
              "zilnhoj",
              "Todai88",
              "robinmitra",
              "brenetic",
              "nacnudus",
              "CharlesIC",
              "jkunle",
              "sakisv",
              "stephengrier",
              "ronocg",
              "Rosa-Fox",
              "AnneCarr",
              "ida-build-bot",
              "chrisclayson",
              "smford",
              "blairboy362",
              "Wynndow",
              "andy-paine",
              "tomrosier"
            ],
            "name": "verify-tech-team",
            "permission": "pull",
            "privacy": "closed",
            "slug": "verify-tech-team"
          }
        }
      ]
    },
    {
      "module": "module.user_andy_paine",
      "mode": "data",
      "type": "github_team",
      "name": "tech_team",
      "provider": "provider.github",
      "instances": [
        {
          "schema_version": 0,
          "attributes": {
            "description": "Verify Tech Team",
            "id": "2830432",
            "members": [
              "idrop",
              "galund",
              "issyl0",
              "mrwilson",
              "philandstuff",
              "chrisholmes",
              "Krenair",
              "thomasalanlee",
              "tlwr",
              "kerrr",
              "instantiator",
              "zilnhoj",
              "Todai88",
              "robinmitra",
              "brenetic",
              "nacnudus",
              "CharlesIC",
              "jkunle",
              "sakisv",
              "stephengrier",
              "ronocg",
              "Rosa-Fox",
              "AnneCarr",
              "ida-build-bot",
              "chrisclayson",
              "smford",
              "blairboy362",
              "Wynndow",
              "andy-paine",
              "tomrosier"
            ],
            "name": "verify-tech-team",
            "permission": "pull",
            "privacy": "closed",
            "slug": "verify-tech-team"
          }
        }
      ]
    },
    {
      "module": "module.user_racinghippo",
      "mode": "data",
      "type": "github_team",
      "name": "tech_team",
      "provider": "provider.github",
      "instances": [
        {
          "schema_version": 0,
          "attributes": {
            "description": "Verify Tech Team",
            "id": "2830432",
            "members": [
              "idrop",
              "galund",
              "issyl0",
              "mrwilson",
              "philandstuff",
              "chrisholmes",
              "Krenair",
              "thomasalanlee",
              "tlwr",
              "kerrr",
              "instantiator",
              "zilnhoj",
              "Todai88",
              "robinmitra",
              "brenetic",
              "nacnudus",
              "CharlesIC",
              "jkunle",
              "sakisv",
              "stephengrier",
              "ronocg",
              "Rosa-Fox",
              "AnneCarr",
              "ida-build-bot",
              "chrisclayson",
              "smford",
              "blairboy362",
              "Wynndow",
              "andy-paine",
              "tomrosier"
            ],
            "name": "verify-tech-team",
            "permission": "pull",
            "privacy": "closed",
            "slug": "verify-tech-team"
          }
        }
      ]
    },
    {
      "module": "module.user_issyl0",
      "mode": "data",
      "type": "github_team",
      "name": "tech_team",
      "provider": "provider.github",
      "instances": [
        {
          "schema_version": 0,
          "attributes": {
            "description": "Verify Tech Team",
            "id": "2830432",
            "members": [
              "idrop",
              "galund",
              "issyl0",
              "mrwilson",
              "philandstuff",
              "chrisholmes",
              "Krenair",
              "thomasalanlee",
              "tlwr",
              "kerrr",
              "instantiator",
              "zilnhoj",
              "Todai88",
              "robinmitra",
              "brenetic",
              "nacnudus",
              "CharlesIC",
              "jkunle",
              "sakisv",
              "stephengrier",
              "ronocg",
              "Rosa-Fox",
              "AnneCarr",
              "ida-build-bot",
              "chrisclayson",
              "smford",
              "blairboy362",
              "Wynndow",
              "andy-paine",
              "tomrosier"
            ],
            "name": "verify-tech-team",
            "permission": "pull",
            "privacy": "closed",
            "slug": "verify-tech-team"
          }
        }
      ]
    },
    {
      "module": "module.user_annecarr",
      "mode": "data",
      "type": "github_team",
      "name": "tech_team",
      "provider": "provider.github",
      "instances": [
        {
          "schema_version": 0,
          "attributes": {
            "description": "Verify Tech Team",
            "id": "2830432",
            "members": [
              "idrop",
              "galund",
              "issyl0",
              "mrwilson",
              "philandstuff",
              "chrisholmes",
              "Krenair",
              "thomasalanlee",
              "tlwr",
              "kerrr",
              "instantiator",
              "zilnhoj",
              "Todai88",
              "robinmitra",
              "brenetic",
              "nacnudus",
              "CharlesIC",
              "jkunle",
              "sakisv",
              "stephengrier",
              "ronocg",
              "Rosa-Fox",
              "AnneCarr",
              "ida-build-bot",
              "chrisclayson",
              "smford",
              "blairboy362",
              "Wynndow",
              "andy-paine",
              "tomrosier"
            ],
            "name": "verify-tech-team",
            "permission": "pull",
            "privacy": "closed",
            "slug": "verify-tech-team"
          }
        }
      ]
    },
    {
      "module": "module.user_thomasalanlee",
      "mode": "data",
      "type": "github_team",
      "name": "tech_team",
      "provider": "provider.github",
      "instances": [
        {
          "schema_version": 0,
          "attributes": {
            "description": "Verify Tech Team",
            "id": "2830432",
            "members": [
              "idrop",
              "galund",
              "issyl0",
              "mrwilson",
              "philandstuff",
              "chrisholmes",
              "Krenair",
              "thomasalanlee",
              "tlwr",
              "kerrr",
              "instantiator",
              "zilnhoj",
              "Todai88",
              "robinmitra",
              "brenetic",
              "nacnudus",
              "CharlesIC",
              "jkunle",
              "sakisv",
              "stephengrier",
              "ronocg",
              "Rosa-Fox",
              "AnneCarr",
              "ida-build-bot",
              "chrisclayson",
              "smford",
              "blairboy362",
              "Wynndow",
              "andy-paine",
              "tomrosier"
            ],
            "name": "verify-tech-team",
            "permission": "pull",
            "privacy": "closed",
            "slug": "verify-tech-team"
          }
        }
      ]
    },
    {
      "module": "module.user_philandstuff",
      "mode": "data",
      "type": "github_team",
      "name": "tech_team",
      "provider": "provider.github",
      "instances": [
        {
          "schema_version": 0,
          "attributes": {
            "description": "Verify Tech Team",
            "id": "2830432",
            "members": [
              "idrop",
              "galund",
              "issyl0",
              "mrwilson",
              "philandstuff",
              "chrisholmes",
              "Krenair",
              "thomasalanlee",
              "tlwr",
              "kerrr",
              "instantiator",
              "zilnhoj",
              "Todai88",
              "robinmitra",
              "brenetic",
              "nacnudus",
              "CharlesIC",
              "jkunle",
              "sakisv",
              "stephengrier",
              "ronocg",
              "Rosa-Fox",
              "AnneCarr",
              "ida-build-bot",
              "chrisclayson",
              "smford",
              "blairboy362",
              "Wynndow",
              "andy-paine",
              "tomrosier"
            ],
            "name": "verify-tech-team",
            "permission": "pull",
            "privacy": "closed",
            "slug": "verify-tech-team"
          }
        }
      ]
    },
    {
      "module": "module.user_alexandergeegds",
      "mode": "data",
      "type": "github_team",
      "name": "tech_team",
      "provider": "provider.github",
      "instances": [
        {
          "schema_version": 0,
          "attributes": {
            "description": "Verify Tech Team",
            "id": "2830432",
            "members": [
              "idrop",
              "galund",
              "issyl0",
              "mrwilson",
              "philandstuff",
              "chrisholmes",
              "Krenair",
              "thomasalanlee",
              "tlwr",
              "kerrr",
              "instantiator",
              "zilnhoj",
              "Todai88",
              "robinmitra",
              "brenetic",
              "nacnudus",
              "CharlesIC",
              "jkunle",
              "sakisv",
              "stephengrier",
              "ronocg",
              "Rosa-Fox",
              "AnneCarr",
              "ida-build-bot",
              "chrisclayson",
              "smford",
              "blairboy362",
              "Wynndow",
              "andy-paine",
              "tomrosier"
            ],
            "name": "verify-tech-team",
            "permission": "pull",
            "privacy": "closed",
            "slug": "verify-tech-team"
          }
        }
      ]
    },
    {
      "module": "module.user_alex_monk",
      "mode": "data",
      "type": "github_team",
      "name": "tech_team",
      "provider": "provider.github",
      "instances": [
        {
          "schema_version": 0,
          "attributes": {
            "description": "Verify Tech Team",
            "id": "2830432",
            "members": [
              "idrop",
              "galund",
              "issyl0",
              "mrwilson",
              "philandstuff",
              "chrisholmes",
              "Krenair",
              "thomasalanlee",
              "tlwr",
              "kerrr",
              "instantiator",
              "zilnhoj",
              "Todai88",
              "robinmitra",
              "brenetic",
              "nacnudus",
              "CharlesIC",
              "jkunle",
              "sakisv",
              "stephengrier",
              "ronocg",
              "Rosa-Fox",
              "AnneCarr",
              "ida-build-bot",
              "chrisclayson",
              "smford",
              "blairboy362",
              "Wynndow",
              "andy-paine",
              "tomrosier"
            ],
            "name": "verify-tech-team",
            "permission": "pull",
            "privacy": "closed",
            "slug": "verify-tech-team"
          }
        }
      ]
    },
    {
      "module": "module.user_jstandring_gds",
      "mode": "data",
      "type": "github_team",
      "name": "tech_team",
      "provider": "provider.github",
      "instances": [
        {
          "schema_version": 0,
          "attributes": {
            "description": "Verify Tech Team",
            "id": "2830432",
            "members": [
              "idrop",
              "galund",
              "issyl0",
              "mrwilson",
              "philandstuff",
              "chrisholmes",
              "Krenair",
              "thomasalanlee",
              "tlwr",
              "kerrr",
              "instantiator",
              "zilnhoj",
              "Todai88",
              "robinmitra",
              "brenetic",
              "nacnudus",
              "CharlesIC",
              "jkunle",
              "sakisv",
              "stephengrier",
              "ronocg",
              "Rosa-Fox",
              "AnneCarr",
              "ida-build-bot",
              "chrisclayson",
              "smford",
              "blairboy362",
              "Wynndow",
              "andy-paine",
              "tomrosier"
            ],
            "name": "verify-tech-team",
            "permission": "pull",
            "privacy": "closed",
            "slug": "verify-tech-team"
          }
        }
      ]
    },
    {
      "module": "module.user_tomrosier",
      "mode": "data",
      "type": "github_team",
      "name": "tech_team",
      "provider": "provider.github",
      "instances": [
        {
          "schema_version": 0,
          "attributes": {
            "description": "Verify Tech Team",
            "id": "2830432",
            "members": [
              "idrop",
              "galund",
              "issyl0",
              "mrwilson",
              "philandstuff",
              "chrisholmes",
              "Krenair",
              "thomasalanlee",
              "tlwr",
              "kerrr",
              "instantiator",
              "zilnhoj",
              "Todai88",
              "robinmitra",
              "brenetic",
              "nacnudus",
              "CharlesIC",
              "jkunle",
              "sakisv",
              "stephengrier",
              "ronocg",
              "Rosa-Fox",
              "AnneCarr",
              "ida-build-bot",
              "chrisclayson",
              "smford",
              "blairboy362",
              "Wynndow",
              "andy-paine",
              "tomrosier"
            ],
            "name": "verify-tech-team",
            "permission": "pull",
            "privacy": "closed",
            "slug": "verify-tech-team"
          }
        }
      ]
    },
    {
      "module": "module.user_brenetic",
      "mode": "data",
      "type": "github_team",
      "name": "tech_team",
      "provider": "provider.github",
      "instances": [
        {
          "schema_version": 0,
          "attributes": {
            "description": "Verify Tech Team",
            "id": "2830432",
            "members": [
              "idrop",
              "galund",
              "issyl0",
              "mrwilson",
              "philandstuff",
              "chrisholmes",
              "Krenair",
              "thomasalanlee",
              "tlwr",
              "kerrr",
              "instantiator",
              "zilnhoj",
              "Todai88",
              "robinmitra",
              "brenetic",
              "nacnudus",
              "CharlesIC",
              "jkunle",
              "sakisv",
              "stephengrier",
              "ronocg",
              "Rosa-Fox",
              "AnneCarr",
              "ida-build-bot",
              "chrisclayson",
              "smford",
              "blairboy362",
              "Wynndow",
              "andy-paine",
              "tomrosier"
            ],
            "name": "verify-tech-team",
            "permission": "pull",
            "privacy": "closed",
            "slug": "verify-tech-team"
          }
        }
      ]
    },
    {
      "module": "module.user_nacnudus",
      "mode": "data",
      "type": "github_team",
      "name": "tech_team",
      "provider": "provider.github",
      "instances": [
        {
          "schema_version": 0,
          "attributes": {
            "description": "Verify Tech Team",
            "id": "2830432",
            "members": [
              "idrop",
              "galund",
              "issyl0",
              "mrwilson",
              "philandstuff",
              "chrisholmes",
              "Krenair",
              "thomasalanlee",
              "tlwr",
              "kerrr",
              "instantiator",
              "zilnhoj",
              "Todai88",
              "robinmitra",
              "brenetic",
              "nacnudus",
              "CharlesIC",
              "jkunle",
              "sakisv",
              "stephengrier",
              "ronocg",
              "Rosa-Fox",
              "AnneCarr",
              "ida-build-bot",
              "chrisclayson",
              "smford",
              "blairboy362",
              "Wynndow",
              "andy-paine",
              "tomrosier"
            ],
            "name": "verify-tech-team",
            "permission": "pull",
            "privacy": "closed",
            "slug": "verify-tech-team"
          }
        }
      ]
    },
    {
      "module": "module.user_sakisv",
      "mode": "data",
      "type": "github_team",
      "name": "tech_team",
      "provider": "provider.github",
      "instances": [
        {
          "schema_version": 0,
          "attributes": {
            "description": "Verify Tech Team",
            "id": "2830432",
            "members": [
              "idrop",
              "galund",
              "issyl0",
              "mrwilson",
              "philandstuff",
              "chrisholmes",
              "Krenair",
              "thomasalanlee",
              "tlwr",
              "kerrr",
              "instantiator",
              "zilnhoj",
              "Todai88",
              "robinmitra",
              "brenetic",
              "nacnudus",
              "CharlesIC",
              "jkunle",
              "sakisv",
              "stephengrier",
              "ronocg",
              "Rosa-Fox",
              "AnneCarr",
              "ida-build-bot",
              "chrisclayson",
              "smford",
              "blairboy362",
              "Wynndow",
              "andy-paine",
              "tomrosier"
            ],
            "name": "verify-tech-team",
            "permission": "pull",
            "privacy": "closed",
            "slug": "verify-tech-team"
          }
        }
      ]
    },
    {
      "module": "module.user_bjgill",
      "mode": "data",
      "type": "github_team",
      "name": "tech_team",
      "provider": "provider.github",
      "instances": [
        {
          "schema_version": 0,
          "attributes": {
            "description": "Verify Tech Team",
            "id": "2830432",
            "members": [
              "idrop",
              "galund",
              "issyl0",
              "mrwilson",
              "philandstuff",
              "chrisholmes",
              "Krenair",
              "thomasalanlee",
              "tlwr",
              "kerrr",
              "instantiator",
              "zilnhoj",
              "Todai88",
              "robinmitra",
              "brenetic",
              "nacnudus",
              "CharlesIC",
              "jkunle",
              "sakisv",
              "stephengrier",
              "ronocg",
              "Rosa-Fox",
              "AnneCarr",
              "ida-build-bot",
              "chrisclayson",
              "smford",
              "blairboy362",
              "Wynndow",
              "andy-paine",
              "tomrosier"
            ],
            "name": "verify-tech-team",
            "permission": "pull",
            "privacy": "closed",
            "slug": "verify-tech-team"
          }
        }
      ]
    },
    {
      "module": "module.user_rhowe_gds",
      "mode": "data",
      "type": "github_team",
      "name": "tech_team",
      "provider": "provider.github",
      "instances": [
        {
          "schema_version": 0,
          "attributes": {
            "description": "Verify Tech Team",
            "id": "2830432",
            "members": [
              "idrop",
              "galund",
              "issyl0",
              "mrwilson",
              "philandstuff",
              "chrisholmes",
              "Krenair",
              "thomasalanlee",
              "tlwr",
              "kerrr",
              "instantiator",
              "zilnhoj",
              "Todai88",
              "robinmitra",
              "brenetic",
              "nacnudus",
              "CharlesIC",
              "jkunle",
              "sakisv",
              "stephengrier",
              "ronocg",
              "Rosa-Fox",
              "AnneCarr",
              "ida-build-bot",
              "chrisclayson",
              "smford",
              "blairboy362",
              "Wynndow",
              "andy-paine",
              "tomrosier"
            ],
            "name": "verify-tech-team",
            "permission": "pull",
            "privacy": "closed",
            "slug": "verify-tech-team"
          }
        }
      ]
    },
    {
      "module": "module.user_blairboy362",
      "mode": "data",
      "type": "github_team",
      "name": "tech_team",
      "provider": "provider.github",
      "instances": [
        {
          "schema_version": 0,
          "attributes": {
            "description": "Verify Tech Team",
            "id": "2830432",
            "members": [
              "idrop",
              "galund",
              "issyl0",
              "mrwilson",
              "philandstuff",
              "chrisholmes",
              "Krenair",
              "thomasalanlee",
              "tlwr",
              "kerrr",
              "instantiator",
              "zilnhoj",
              "Todai88",
              "robinmitra",
              "brenetic",
              "nacnudus",
              "CharlesIC",
              "jkunle",
              "sakisv",
              "stephengrier",
              "ronocg",
              "Rosa-Fox",
              "AnneCarr",
              "ida-build-bot",
              "chrisclayson",
              "smford",
              "blairboy362",
              "Wynndow",
              "andy-paine",
              "tomrosier"
            ],
            "name": "verify-tech-team",
            "permission": "pull",
            "privacy": "closed",
            "slug": "verify-tech-team"
          }
        }
      ]
    },
    {
      "module": "module.user_todai88",
      "mode": "data",
      "type": "github_team",
      "name": "tech_team",
      "provider": "provider.github",
      "instances": [
        {
          "schema_version": 0,
          "attributes": {
            "description": "Verify Tech Team",
            "id": "2830432",
            "members": [
              "idrop",
              "galund",
              "issyl0",
              "mrwilson",
              "philandstuff",
              "chrisholmes",
              "Krenair",
              "thomasalanlee",
              "tlwr",
              "kerrr",
              "instantiator",
              "zilnhoj",
              "Todai88",
              "robinmitra",
              "brenetic",
              "nacnudus",
              "CharlesIC",
              "jkunle",
              "sakisv",
              "stephengrier",
              "ronocg",
              "Rosa-Fox",
              "AnneCarr",
              "ida-build-bot",
              "chrisclayson",
              "smford",
              "blairboy362",
              "Wynndow",
              "andy-paine",
              "tomrosier"
            ],
            "name": "verify-tech-team",
            "permission": "pull",
            "privacy": "closed",
            "slug": "verify-tech-team"
          }
        }
      ]
    },
    {
      "module": "module.user_jhjava",
      "mode": "data",
      "type": "github_team",
      "name": "tech_team",
      "provider": "provider.github",
      "instances": [
        {
          "schema_version": 0,
          "attributes": {
            "description": "Verify Tech Team",
            "id": "2830432",
            "members": [
              "idrop",
              "galund",
              "issyl0",
              "mrwilson",
              "philandstuff",
              "chrisholmes",
              "Krenair",
              "thomasalanlee",
              "tlwr",
              "kerrr",
              "instantiator",
              "zilnhoj",
              "Todai88",
              "robinmitra",
              "brenetic",
              "nacnudus",
              "CharlesIC",
              "jkunle",
              "sakisv",
              "stephengrier",
              "ronocg",
              "Rosa-Fox",
              "AnneCarr",
              "ida-build-bot",
              "chrisclayson",
              "smford",
              "blairboy362",
              "Wynndow",
              "andy-paine",
              "tomrosier"
            ],
            "name": "verify-tech-team",
            "permission": "pull",
            "privacy": "closed",
            "slug": "verify-tech-team"
          }
        }
      ]
    },
    {
      "module": "module.user_chrisclayson",
      "mode": "data",
      "type": "github_team",
      "name": "tech_team",
      "provider": "provider.github",
      "instances": [
        {
          "schema_version": 0,
          "attributes": {
            "description": "Verify Tech Team",
            "id": "2830432",
            "members": [
              "idrop",
              "galund",
              "issyl0",
              "mrwilson",
              "philandstuff",
              "chrisholmes",
              "Krenair",
              "thomasalanlee",
              "tlwr",
              "kerrr",
              "instantiator",
              "zilnhoj",
              "Todai88",
              "robinmitra",
              "brenetic",
              "nacnudus",
              "CharlesIC",
              "jkunle",
              "sakisv",
              "stephengrier",
              "ronocg",
              "Rosa-Fox",
              "AnneCarr",
              "ida-build-bot",
              "chrisclayson",
              "smford",
              "blairboy362",
              "Wynndow",
              "andy-paine",
              "tomrosier"
            ],
            "name": "verify-tech-team",
            "permission": "pull",
            "privacy": "closed",
            "slug": "verify-tech-team"
          }
        }
      ]
    },
    {
      "module": "module.user_rosa_fox",
      "mode": "data",
      "type": "github_team",
      "name": "tech_team",
      "provider": "provider.github",
      "instances": [
        {
          "schema_version": 0,
          "attributes": {
            "description": "Verify Tech Team",
            "id": "2830432",
            "members": [
              "idrop",
              "galund",
              "issyl0",
              "mrwilson",
              "philandstuff",
              "chrisholmes",
              "Krenair",
              "thomasalanlee",
              "tlwr",
              "kerrr",
              "instantiator",
              "zilnhoj",
              "Todai88",
              "robinmitra",
              "brenetic",
              "nacnudus",
              "CharlesIC",
              "jkunle",
              "sakisv",
              "stephengrier",
              "ronocg",
              "Rosa-Fox",
              "AnneCarr",
              "ida-build-bot",
              "chrisclayson",
              "smford",
              "blairboy362",
              "Wynndow",
              "andy-paine",
              "tomrosier"
            ],
            "name": "verify-tech-team",
            "permission": "pull",
            "privacy": "closed",
            "slug": "verify-tech-team"
          }
        }
      ]
    },
    {
      "module": "module.user_bravegrape",
      "mode": "data",
      "type": "github_team",
      "name": "tech_team",
      "provider": "provider.github",
      "instances": [
        {
          "schema_version": 0,
          "attributes": {
            "description": "Verify Tech Team",
            "id": "2830432",
            "members": [
              "idrop",
              "galund",
              "issyl0",
              "mrwilson",
              "philandstuff",
              "chrisholmes",
              "Krenair",
              "thomasalanlee",
              "tlwr",
              "kerrr",
              "instantiator",
              "zilnhoj",
              "Todai88",
              "robinmitra",
              "brenetic",
              "nacnudus",
              "CharlesIC",
              "jkunle",
              "sakisv",
              "stephengrier",
              "ronocg",
              "Rosa-Fox",
              "AnneCarr",
              "ida-build-bot",
              "chrisclayson",
              "smford",
              "blairboy362",
              "Wynndow",
              "andy-paine",
              "tomrosier"
            ],
            "name": "verify-tech-team",
            "permission": "pull",
            "privacy": "closed",
            "slug": "verify-tech-team"
          }
        }
      ]
    },
    {
      "module": "module.user_mrwilson",
      "mode": "data",
      "type": "github_team",
      "name": "tech_team",
      "provider": "provider.github",
      "instances": [
        {
          "schema_version": 0,
          "attributes": {
            "description": "Verify Tech Team",
            "id": "2830432",
            "members": [
              "idrop",
              "galund",
              "issyl0",
              "mrwilson",
              "philandstuff",
              "chrisholmes",
              "Krenair",
              "thomasalanlee",
              "tlwr",
              "kerrr",
              "instantiator",
              "zilnhoj",
              "Todai88",
              "robinmitra",
              "brenetic",
              "nacnudus",
              "CharlesIC",
              "jkunle",
              "sakisv",
              "stephengrier",
              "ronocg",
              "Rosa-Fox",
              "AnneCarr",
              "ida-build-bot",
              "chrisclayson",
              "smford",
              "blairboy362",
              "Wynndow",
              "andy-paine",
              "tomrosier"
            ],
            "name": "verify-tech-team",
            "permission": "pull",
            "privacy": "closed",
            "slug": "verify-tech-team"
          }
        }
      ]
    },
    {
      "module": "module.user_adityapahuja",
      "mode": "data",
      "type": "github_team",
      "name": "tech_team",
      "provider": "provider.github",
      "instances": [
        {
          "schema_version": 0,
          "attributes": {
            "description": "Verify Tech Team",
            "id": "2830432",
            "members": [
              "idrop",
              "galund",
              "issyl0",
              "mrwilson",
              "philandstuff",
              "chrisholmes",
              "Krenair",
              "thomasalanlee",
              "tlwr",
              "kerrr",
              "instantiator",
              "zilnhoj",
              "Todai88",
              "robinmitra",
              "brenetic",
              "nacnudus",
              "CharlesIC",
              "jkunle",
              "sakisv",
              "stephengrier",
              "ronocg",
              "Rosa-Fox",
              "AnneCarr",
              "ida-build-bot",
              "chrisclayson",
              "smford",
              "blairboy362",
              "Wynndow",
              "andy-paine",
              "tomrosier"
            ],
            "name": "verify-tech-team",
            "permission": "pull",
            "privacy": "closed",
            "slug": "verify-tech-team"
          }
        }
      ]
    },
    {
      "module": "module.user_j_maynard",
      "mode": "data",
      "type": "github_team",
      "name": "tech_team",
      "provider": "provider.github",
      "instances": [
        {
          "schema_version": 0,
          "attributes": {
            "description": "Verify Tech Team",
            "id": "2830432",
            "members": [
              "idrop",
              "galund",
              "issyl0",
              "mrwilson",
              "philandstuff",
              "chrisholmes",
              "Krenair",
              "thomasalanlee",
              "tlwr",
              "kerrr",
              "instantiator",
              "zilnhoj",
              "Todai88",
              "robinmitra",
              "brenetic",
              "nacnudus",
              "CharlesIC",
              "jkunle",
              "sakisv",
              "stephengrier",
              "ronocg",
              "Rosa-Fox",
              "AnneCarr",
              "ida-build-bot",
              "chrisclayson",
              "smford",
              "blairboy362",
              "Wynndow",
              "andy-paine",
              "tomrosier"
            ],
            "name": "verify-tech-team",
            "permission": "pull",
            "privacy": "closed",
            "slug": "verify-tech-team"
          }
        }
      ]
    },
    {
      "module": "module.user_gdsnewt",
      "mode": "data",
      "type": "github_team",
      "name": "tech_team",
      "provider": "provider.github",
      "instances": [
        {
          "schema_version": 0,
          "attributes": {
            "description": "Verify Tech Team",
            "id": "2830432",
            "members": [
              "idrop",
              "galund",
              "issyl0",
              "mrwilson",
              "philandstuff",
              "chrisholmes",
              "Krenair",
              "thomasalanlee",
              "tlwr",
              "kerrr",
              "instantiator",
              "zilnhoj",
              "Todai88",
              "robinmitra",
              "brenetic",
              "nacnudus",
              "CharlesIC",
              "jkunle",
              "sakisv",
              "stephengrier",
              "ronocg",
              "Rosa-Fox",
              "AnneCarr",
              "ida-build-bot",
              "chrisclayson",
              "smford",
              "blairboy362",
              "Wynndow",
              "andy-paine",
              "tomrosier"
            ],
            "name": "verify-tech-team",
            "permission": "pull",
            "privacy": "closed",
            "slug": "verify-tech-team"
          }
        }
      ]
    },
    {
      "module": "module.user_kerrr",
      "mode": "data",
      "type": "github_team",
      "name": "tech_team",
      "provider": "provider.github",
      "instances": [
        {
          "schema_version": 0,
          "attributes": {
            "description": "Verify Tech Team",
            "id": "2830432",
            "members": [
              "idrop",
              "galund",
              "issyl0",
              "mrwilson",
              "philandstuff",
              "chrisholmes",
              "Krenair",
              "thomasalanlee",
              "tlwr",
              "kerrr",
              "instantiator",
              "zilnhoj",
              "Todai88",
              "robinmitra",
              "brenetic",
              "nacnudus",
              "CharlesIC",
              "jkunle",
              "sakisv",
              "stephengrier",
              "ronocg",
              "Rosa-Fox",
              "AnneCarr",
              "ida-build-bot",
              "chrisclayson",
              "smford",
              "blairboy362",
              "Wynndow",
              "andy-paine",
              "tomrosier"
            ],
            "name": "verify-tech-team",
            "permission": "pull",
            "privacy": "closed",
            "slug": "verify-tech-team"
          }
        }
      ]
    },
    {
      "module": "module.user_idacodacybot",
      "mode": "data",
      "type": "github_team",
      "name": "tech_team",
      "provider": "provider.github",
      "instances": [
        {
          "schema_version": 0,
          "attributes": {
            "description": "Verify Tech Team",
            "id": "2830432",
            "members": [
              "idrop",
              "galund",
              "issyl0",
              "mrwilson",
              "philandstuff",
              "chrisholmes",
              "Krenair",
              "thomasalanlee",
              "tlwr",
              "kerrr",
              "instantiator",
              "zilnhoj",
              "Todai88",
              "robinmitra",
              "brenetic",
              "nacnudus",
              "CharlesIC",
              "jkunle",
              "sakisv",
              "stephengrier",
              "ronocg",
              "Rosa-Fox",
              "AnneCarr",
              "ida-build-bot",
              "chrisclayson",
              "smford",
              "blairboy362",
              "Wynndow",
              "andy-paine",
              "tomrosier"
            ],
            "name": "verify-tech-team",
            "permission": "pull",
            "privacy": "closed",
            "slug": "verify-tech-team"
          }
        }
      ]
    },
    {
      "module": "module.user_ronocg",
      "mode": "data",
      "type": "github_team",
      "name": "tech_team",
      "provider": "provider.github",
      "instances": [
        {
          "schema_version": 0,
          "attributes": {
            "description": "Verify Tech Team",
            "id": "2830432",
            "members": [
              "idrop",
              "galund",
              "issyl0",
              "mrwilson",
              "philandstuff",
              "chrisholmes",
              "Krenair",
              "thomasalanlee",
              "tlwr",
              "kerrr",
              "instantiator",
              "zilnhoj",
              "Todai88",
              "robinmitra",
              "brenetic",
              "nacnudus",
              "CharlesIC",
              "jkunle",
              "sakisv",
              "stephengrier",
              "ronocg",
              "Rosa-Fox",
              "AnneCarr",
              "ida-build-bot",
              "chrisclayson",
              "smford",
              "blairboy362",
              "Wynndow",
              "andy-paine",
              "tomrosier"
            ],
            "name": "verify-tech-team",
            "permission": "pull",
            "privacy": "closed",
            "slug": "verify-tech-team"
          }
        }
      ]
    },
    {
      "module": "module.user_jakubmiarka",
      "mode": "data",
      "type": "github_team",
      "name": "tech_team",
      "provider": "provider.github",
      "instances": [
        {
          "schema_version": 0,
          "attributes": {
            "description": "Verify Tech Team",
            "id": "2830432",
            "members": [
              "idrop",
              "galund",
              "issyl0",
              "mrwilson",
              "philandstuff",
              "chrisholmes",
              "Krenair",
              "thomasalanlee",
              "tlwr",
              "kerrr",
              "instantiator",
              "zilnhoj",
              "Todai88",
              "robinmitra",
              "brenetic",
              "nacnudus",
              "CharlesIC",
              "jkunle",
              "sakisv",
              "stephengrier",
              "ronocg",
              "Rosa-Fox",
              "AnneCarr",
              "ida-build-bot",
              "chrisclayson",
              "smford",
              "blairboy362",
              "Wynndow",
              "andy-paine",
              "tomrosier"
            ],
            "name": "verify-tech-team",
            "permission": "pull",
            "privacy": "closed",
            "slug": "verify-tech-team"
          }
        }
      ]
    },
    {
      "module": "module.user_poveyd",
      "mode": "data",
      "type": "github_team",
      "name": "tech_team",
      "provider": "provider.github",
      "instances": [
        {
          "schema_version": 0,
          "attributes": {
            "description": "Verify Tech Team",
            "id": "2830432",
            "members": [
              "idrop",
              "galund",
              "issyl0",
              "mrwilson",
              "philandstuff",
              "chrisholmes",
              "Krenair",
              "thomasalanlee",
              "tlwr",
              "kerrr",
              "instantiator",
              "zilnhoj",
              "Todai88",
              "robinmitra",
              "brenetic",
              "nacnudus",
              "CharlesIC",
              "jkunle",
              "sakisv",
              "stephengrier",
              "ronocg",
              "Rosa-Fox",
              "AnneCarr",
              "ida-build-bot",
              "chrisclayson",
              "smford",
              "blairboy362",
              "Wynndow",
              "andy-paine",
              "tomrosier"
            ],
            "name": "verify-tech-team",
            "permission": "pull",
            "privacy": "closed",
            "slug": "verify-tech-team"
          }
        }
      ]
    },
    {
      "module": "module.user_tlwr",
      "mode": "data",
      "type": "github_team",
      "name": "tech_team",
      "provider": "provider.github",
      "instances": [
        {
          "schema_version": 0,
          "attributes": {
            "description": "Verify Tech Team",
            "id": "2830432",
            "members": [
              "idrop",
              "galund",
              "issyl0",
              "mrwilson",
              "philandstuff",
              "chrisholmes",
              "Krenair",
              "thomasalanlee",
              "tlwr",
              "kerrr",
              "instantiator",
              "zilnhoj",
              "Todai88",
              "robinmitra",
              "brenetic",
              "nacnudus",
              "CharlesIC",
              "jkunle",
              "sakisv",
              "stephengrier",
              "ronocg",
              "Rosa-Fox",
              "AnneCarr",
              "ida-build-bot",
              "chrisclayson",
              "smford",
              "blairboy362",
              "Wynndow",
              "andy-paine",
              "tomrosier"
            ],
            "name": "verify-tech-team",
            "permission": "pull",
            "privacy": "closed",
            "slug": "verify-tech-team"
          }
        }
      ]
    },
    {
      "module": "module.user_chrisholmes",
      "mode": "data",
      "type": "github_team",
      "name": "tech_team",
      "provider": "provider.github",
      "instances": [
        {
          "schema_version": 0,
          "attributes": {
            "description": "Verify Tech Team",
            "id": "2830432",
            "members": [
              "idrop",
              "galund",
              "issyl0",
              "mrwilson",
              "philandstuff",
              "chrisholmes",
              "Krenair",
              "thomasalanlee",
              "tlwr",
              "kerrr",
              "instantiator",
              "zilnhoj",
              "Todai88",
              "robinmitra",
              "brenetic",
              "nacnudus",
              "CharlesIC",
              "jkunle",
              "sakisv",
              "stephengrier",
              "ronocg",
              "Rosa-Fox",
              "AnneCarr",
              "ida-build-bot",
              "chrisclayson",
              "smford",
              "blairboy362",
              "Wynndow",
              "andy-paine",
              "tomrosier"
            ],
            "name": "verify-tech-team",
            "permission": "pull",
            "privacy": "closed",
            "slug": "verify-tech-team"
          }
        }
      ]
    },
    {
      "module": "module.user_mhussein_gds",
      "mode": "data",
      "type": "github_team",
      "name": "tech_team",
      "provider": "provider.github",
      "instances": [
        {
          "schema_version": 0,
          "attributes": {
            "description": "Verify Tech Team",
            "id": "2830432",
            "members": [
              "idrop",
              "galund",
              "issyl0",
              "mrwilson",
              "philandstuff",
              "chrisholmes",
              "Krenair",
              "thomasalanlee",
              "tlwr",
              "kerrr",
              "instantiator",
              "zilnhoj",
              "Todai88",
              "robinmitra",
              "brenetic",
              "nacnudus",
              "CharlesIC",
              "jkunle",
              "sakisv",
              "stephengrier",
              "ronocg",
              "Rosa-Fox",
              "AnneCarr",
              "ida-build-bot",
              "chrisclayson",
              "smford",
              "blairboy362",
              "Wynndow",
              "andy-paine",
              "tomrosier"
            ],
            "name": "verify-tech-team",
            "permission": "pull",
            "privacy": "closed",
            "slug": "verify-tech-team"
          }
        }
      ]
    },
    {
      "module": "module.user_ida_build_bot",
      "mode": "data",
      "type": "github_team",
      "name": "tech_team",
      "provider": "provider.github",
      "instances": [
        {
          "schema_version": 0,
          "attributes": {
            "description": "Verify Tech Team",
            "id": "2830432",
            "members": [
              "idrop",
              "galund",
              "issyl0",
              "mrwilson",
              "philandstuff",
              "chrisholmes",
              "Krenair",
              "thomasalanlee",
              "tlwr",
              "kerrr",
              "instantiator",
              "zilnhoj",
              "Todai88",
              "robinmitra",
              "brenetic",
              "nacnudus",
              "CharlesIC",
              "jkunle",
              "sakisv",
              "stephengrier",
              "ronocg",
              "Rosa-Fox",
              "AnneCarr",
              "ida-build-bot",
              "chrisclayson",
              "smford",
              "blairboy362",
              "Wynndow",
              "andy-paine",
              "tomrosier"
            ],
            "name": "verify-tech-team",
            "permission": "pull",
            "privacy": "closed",
            "slug": "verify-tech-team"
          }
        }
      ]
    },
    {
      "module": "module.user_idrop",
      "mode": "data",
      "type": "github_team",
      "name": "tech_team",
      "provider": "provider.github",
      "instances": [
        {
          "schema_version": 0,
          "attributes": {
            "description": "Verify Tech Team",
            "id": "2830432",
            "members": [
              "idrop",
              "galund",
              "issyl0",
              "mrwilson",
              "philandstuff",
              "chrisholmes",
              "Krenair",
              "thomasalanlee",
              "tlwr",
              "kerrr",
              "instantiator",
              "zilnhoj",
              "Todai88",
              "robinmitra",
              "brenetic",
              "nacnudus",
              "CharlesIC",
              "jkunle",
              "sakisv",
              "stephengrier",
              "ronocg",
              "Rosa-Fox",
              "AnneCarr",
              "ida-build-bot",
              "chrisclayson",
              "smford",
              "blairboy362",
              "Wynndow",
              "andy-paine",
              "tomrosier"
            ],
            "name": "verify-tech-team",
            "permission": "pull",
            "privacy": "closed",
            "slug": "verify-tech-team"
          }
        }
      ]
    },
    {
      "module": "module.user_sarahdean",
      "mode": "data",
      "type": "github_team",
      "name": "tech_team",
      "provider": "provider.github",
      "instances": [
        {
          "schema_version": 0,
          "attributes": {
            "description": "Verify Tech Team",
            "id": "2830432",
            "members": [
              "idrop",
              "galund",
              "issyl0",
              "mrwilson",
              "philandstuff",
              "chrisholmes",
              "Krenair",
              "thomasalanlee",
              "tlwr",
              "kerrr",
              "instantiator",
              "zilnhoj",
              "Todai88",
              "robinmitra",
              "brenetic",
              "nacnudus",
              "CharlesIC",
              "jkunle",
              "sakisv",
              "stephengrier",
              "ronocg",
              "Rosa-Fox",
              "AnneCarr",
              "ida-build-bot",
              "chrisclayson",
              "smford",
              "blairboy362",
              "Wynndow",
              "andy-paine",
              "tomrosier"
            ],
            "name": "verify-tech-team",
            "permission": "pull",
            "privacy": "closed",
            "slug": "verify-tech-team"
          }
        }
      ]
    },
    {
      "module": "module.user_mariaslo",
      "mode": "data",
      "type": "github_team",
      "name": "tech_team",
      "provider": "provider.github",
      "instances": [
        {
          "schema_version": 0,
          "attributes": {
            "description": "Verify Tech Team",
            "id": "2830432",
            "members": [
              "idrop",
              "galund",
              "issyl0",
              "mrwilson",
              "philandstuff",
              "chrisholmes",
              "Krenair",
              "thomasalanlee",
              "tlwr",
              "kerrr",
              "instantiator",
              "zilnhoj",
              "Todai88",
              "robinmitra",
              "brenetic",
              "nacnudus",
              "CharlesIC",
              "jkunle",
              "sakisv",
              "stephengrier",
              "ronocg",
              "Rosa-Fox",
              "AnneCarr",
              "ida-build-bot",
              "chrisclayson",
              "smford",
              "blairboy362",
              "Wynndow",
              "andy-paine",
              "tomrosier"
            ],
            "name": "verify-tech-team",
            "permission": "pull",
            "privacy": "closed",
            "slug": "verify-tech-team"
          }
        }
      ]
    },
    {
      "module": "module.user_alan_gds",
      "mode": "data",
      "type": "github_team",
      "name": "tech_team",
      "provider": "provider.github",
      "instances": [
        {
          "schema_version": 0,
          "attributes": {
            "description": "Verify Tech Team",
            "id": "2830432",
            "members": [
              "idrop",
              "galund",
              "issyl0",
              "mrwilson",
              "philandstuff",
              "chrisholmes",
              "Krenair",
              "thomasalanlee",
              "tlwr",
              "kerrr",
              "instantiator",
              "zilnhoj",
              "Todai88",
              "robinmitra",
              "brenetic",
              "nacnudus",
              "CharlesIC",
              "jkunle",
              "sakisv",
              "stephengrier",
              "ronocg",
              "Rosa-Fox",
              "AnneCarr",
              "ida-build-bot",
              "chrisclayson",
              "smford",
              "blairboy362",
              "Wynndow",
              "andy-paine",
              "tomrosier"
            ],
            "name": "verify-tech-team",
            "permission": "pull",
            "privacy": "closed",
            "slug": "verify-tech-team"
          }
        }
      ]
    },
    {
      "module": "module.user_chris_wynne",
      "mode": "data",
      "type": "github_team",
      "name": "tech_team",
      "provider": "provider.github",
      "instances": [
        {
          "schema_version": 0,
          "attributes": {
            "description": "Verify Tech Team",
            "id": "2830432",
            "members": [
              "idrop",
              "galund",
              "issyl0",
              "mrwilson",
              "philandstuff",
              "chrisholmes",
              "Krenair",
              "thomasalanlee",
              "tlwr",
              "kerrr",
              "instantiator",
              "zilnhoj",
              "Todai88",
              "robinmitra",
              "brenetic",
              "nacnudus",
              "CharlesIC",
              "jkunle",
              "sakisv",
              "stephengrier",
              "ronocg",
              "Rosa-Fox",
              "AnneCarr",
              "ida-build-bot",
              "chrisclayson",
              "smford",
              "blairboy362",
              "Wynndow",
              "andy-paine",
              "tomrosier"
            ],
            "name": "verify-tech-team",
            "permission": "pull",
            "privacy": "closed",
            "slug": "verify-tech-team"
          }
        }
      ]
    },
    {
      "module": "module.user_jkunle",
      "mode": "data",
      "type": "github_team",
      "name": "tech_team",
      "provider": "provider.github",
      "instances": [
        {
          "schema_version": 0,
          "attributes": {
            "description": "Verify Tech Team",
            "id": "2830432",
            "members": [
              "idrop",
              "galund",
              "issyl0",
              "mrwilson",
              "philandstuff",
              "chrisholmes",
              "Krenair",
              "thomasalanlee",
              "tlwr",
              "kerrr",
              "instantiator",
              "zilnhoj",
              "Todai88",
              "robinmitra",
              "brenetic",
              "nacnudus",
              "CharlesIC",
              "jkunle",
              "sakisv",
              "stephengrier",
              "ronocg",
              "Rosa-Fox",
              "AnneCarr",
              "ida-build-bot",
              "chrisclayson",
              "smford",
              "blairboy362",
              "Wynndow",
              "andy-paine",
              "tomrosier"
            ],
            "name": "verify-tech-team",
            "permission": "pull",
            "privacy": "closed",
            "slug": "verify-tech-team"
          }
        }
      ]
    },
    {
      "module": "module.user_johnwattsgds",
      "mode": "managed",
      "type": "github_team_membership",
      "name": "team_membership",
      "each": "list",
      "provider": "provider.github",
      "instances": [
        {
          "index_key": 0,
          "schema_version": 0,
          "attributes": {
            "etag": "W/\"739d1c504a3d6b50a679a269291d40c5\"",
            "id": "2826122:johnwattsgds",
            "role": "member",
            "team_id": "2826122",
            "username": "JohnWattsGDS"
          }
        },
        {
          "index_key": 1,
          "schema_version": 0,
          "attributes": {
            "etag": "W/\"f94a86f023336fa0e92111d47c483f22\"",
            "id": "2826126:JohnWattsGDS",
            "role": "member",
            "team_id": "2826126",
            "username": "JohnWattsGDS"
          }
        }
      ]
    },
    {
      "module": "module.user_benjamin_mortimer",
      "mode": "managed",
      "type": "github_team_membership",
      "name": "team_membership",
      "each": "list",
      "provider": "provider.github",
      "instances": [
        {
          "index_key": 0,
          "schema_version": 0,
          "attributes": {
            "etag": "W/\"9f8db4073e72f510f247176926836a3b\"",
            "id": "2826122:benjamin-mortimer",
            "role": "member",
            "team_id": "2826122",
            "username": "benjamin-mortimer"
          }
        },
        {
          "index_key": 1,
          "schema_version": 0,
          "attributes": {
            "etag": "W/\"790c483c340a3c2fa4ad834f691c87b1\"",
            "id": "2826126:benjamin-mortimer",
            "role": "member",
            "team_id": "2826126",
            "username": "benjamin-mortimer"
          }
        }
      ]
    },
    {
      "module": "module.user_sistephens",
      "mode": "managed",
      "type": "github_team_membership",
      "name": "team_membership",
      "each": "list",
      "provider": "provider.github",
      "instances": [
        {
          "index_key": 0,
          "schema_version": 0,
          "attributes": {
            "etag": "W/\"d377c638a535161d531c5843ef2c6a78\"",
            "id": "2826122:sistephens",
            "role": "member",
            "team_id": "2826122",
            "username": "sistephens"
          }
        },
        {
          "index_key": 1,
          "schema_version": 0,
          "attributes": {
            "etag": "W/\"f4dbc5a941ff15d69c13b7e261ceb260\"",
            "id": "2826126:sistephens",
            "role": "member",
            "team_id": "2826126",
            "username": "sistephens"
          }
        }
      ]
    },
    {
      "module": "module.user_szd55gds",
      "mode": "managed",
      "type": "github_team_membership",
      "name": "team_membership",
      "each": "list",
      "provider": "provider.github",
      "instances": [
        {
          "index_key": 0,
          "schema_version": 0,
          "attributes": {
            "etag": "W/\"02200d27ce5d6a287feab8a68a320c5f\"",
            "id": "2826122:szd55gds",
            "role": "member",
            "team_id": "2826122",
            "username": "szd55gds"
          },
          "private": "bnVsbA=="
        },
        {
          "index_key": 1,
          "schema_version": 0,
          "attributes": {
            "etag": "W/\"2866f94087d5e4563ee8e20f7306ba47\"",
            "id": "2826127:szd55gds",
            "role": "member",
            "team_id": "2826127",
            "username": "szd55gds"
          },
          "private": "bnVsbA=="
        }
      ]
    },
    {
      "module": "module.user_zilnhoj",
      "mode": "managed",
      "type": "github_team_membership",
      "name": "team_membership",
      "each": "list",
      "provider": "provider.github",
      "instances": [
        {
          "index_key": 0,
          "schema_version": 0,
          "attributes": {
            "etag": "W/\"528a48c71b75705f7f1c6cc2c6f0ca42\"",
            "id": "2826122:zilnhoj",
            "role": "member",
            "team_id": "2826122",
            "username": "zilnhoj"
          }
        }
      ]
    },
    {
      "module": "module.user_galund",
      "mode": "managed",
      "type": "github_team_membership",
      "name": "team_membership",
      "each": "list",
      "provider": "provider.github",
      "instances": [
        {
          "index_key": 0,
          "schema_version": 0,
          "attributes": {
            "etag": "W/\"65dd5251fabd3ebcc46a31dd7d431b5a\"",
            "id": "2826122:galund",
            "role": "member",
            "team_id": "2826122",
            "username": "galund"
          }
        }
      ]
    },
    {
      "module": "module.user_charlesic",
      "mode": "managed",
      "type": "github_team_membership",
      "name": "team_membership",
      "each": "list",
      "provider": "provider.github",
      "instances": [
        {
          "index_key": 0,
          "schema_version": 0,
          "attributes": {
            "etag": "W/\"8fd5e09e673bfc41321039f054de8c2c\"",
            "id": "2826122:CharlesIC",
            "role": "maintainer",
            "team_id": "2826122",
            "username": "CharlesIC"
          }
        },
        {
          "index_key": 1,
          "schema_version": 0,
          "attributes": {
            "etag": "W/\"d020aecdf1938c40d58dbcd8acf9f842\"",
            "id": "2826126:CharlesIC",
            "role": "maintainer",
            "team_id": "2826126",
            "username": "CharlesIC"
          }
        }
      ]
    },
    {
      "module": "module.user_michaelabenyohai",
      "mode": "managed",
      "type": "github_team_membership",
      "name": "team_membership",
      "each": "list",
      "provider": "provider.github",
      "instances": [
        {
          "index_key": 0,
          "schema_version": 0,
          "attributes": {
            "etag": "W/\"b818276851a1f39052d0e4a65f163062\"",
            "id": "2826122:michaelabenyohai",
            "role": "maintainer",
            "team_id": "2826122",
            "username": "michaelabenyohai"
          }
        },
        {
          "index_key": 1,
          "schema_version": 0,
          "attributes": {
            "etag": "W/\"8c800539a371fc0358561c5a8998ba58\"",
            "id": "2826126:michaelabenyohai",
            "role": "maintainer",
            "team_id": "2826126",
            "username": "michaelabenyohai"
          }
        },
        {
          "index_key": 2,
          "schema_version": 0,
          "attributes": {
            "etag": "W/\"2866bb03b16d2801b2ba548599a10293\"",
            "id": "2826127:michaelabenyohai",
            "role": "maintainer",
            "team_id": "2826127",
            "username": "michaelabenyohai"
          }
        }
      ]
    },
    {
      "module": "module.user_amritsidhu",
      "mode": "managed",
      "type": "github_team_membership",
      "name": "team_membership",
      "each": "list",
      "provider": "provider.github",
      "instances": [
        {
          "index_key": 0,
          "schema_version": 0,
          "attributes": {
            "etag": "W/\"ba2f5244e7420979e8dce97dd30dd4c3\"",
            "id": "2826122:AmritSidhu",
            "role": "member",
            "team_id": "2826122",
            "username": "AmritSidhu"
          }
        }
      ]
    },
    {
      "module": "module.user_coleni",
      "mode": "managed",
      "type": "github_team_membership",
      "name": "team_membership",
      "each": "list",
      "provider": "provider.github",
      "instances": [
        {
          "index_key": 0,
          "schema_version": 0,
          "attributes": {
            "etag": "W/\"e7833203540c9a9fc21c399a66cd0aa7\"",
            "id": "2826122:coleni",
            "role": "member",
            "team_id": "2826122",
            "username": "coleni"
          }
        }
      ]
    },
    {
      "module": "module.user_dbes_gds",
      "mode": "managed",
      "type": "github_team_membership",
      "name": "team_membership",
      "each": "list",
      "provider": "provider.github",
      "instances": [
        {
          "index_key": 0,
          "schema_version": 0,
          "attributes": {
            "etag": "W/\"86cfd9c972d294c35184b06f9c1eadd6\"",
            "id": "2826122:dbes-gds",
            "role": "member",
            "team_id": "2826122",
            "username": "dbes-gds"
          }
        },
        {
          "index_key": 1,
          "schema_version": 0,
          "attributes": {
            "etag": "W/\"9d751bf830bcae411db0d1e3efabc6c5\"",
            "id": "2826126:dbes-gds",
            "role": "member",
            "team_id": "2826126",
            "username": "dbes-gds"
          }
        }
      ]
    },
    {
      "module": "module.user_instantiator",
      "mode": "managed",
      "type": "github_team_membership",
      "name": "team_membership",
      "each": "list",
      "provider": "provider.github",
      "instances": [
        {
          "index_key": 0,
          "schema_version": 0,
          "attributes": {
            "etag": "W/\"c6f7abf56823ed092e8db7ab695f193f\"",
            "id": "2826122:instantiator",
            "role": "member",
            "team_id": "2826122",
            "username": "instantiator"
          }
        },
        {
          "index_key": 1,
          "schema_version": 0,
          "attributes": {
            "etag": "W/\"9ed7d8bb7d5e85207b73bd24bf63bca9\"",
            "id": "2826126:instantiator",
            "role": "member",
            "team_id": "2826126",
            "username": "instantiator"
          }
        }
      ]
    },
    {
      "module": "module.user_robinmitra",
      "mode": "managed",
      "type": "github_team_membership",
      "name": "team_membership",
      "each": "list",
      "provider": "provider.github",
      "instances": [
        {
          "index_key": 0,
          "schema_version": 0,
          "attributes": {
            "etag": "W/\"acf36834c97d5862e6ec6ab30cfcd0ae\"",
            "id": "2826122:robinmitra",
            "role": "member",
            "team_id": "2826122",
            "username": "robinmitra"
          }
        }
      ]
    },
    {
      "module": "module.user_smford",
      "mode": "managed",
      "type": "github_team_membership",
      "name": "team_membership",
      "each": "list",
      "provider": "provider.github",
      "instances": [
        {
          "index_key": 0,
          "schema_version": 0,
          "attributes": {
            "etag": "W/\"f359872a39f8c2cfdded766dd8b8fefa\"",
            "id": "2826127:smford",
            "role": "member",
            "team_id": "2826127",
            "username": "smford"
          },
          "private": "bnVsbA=="
        }
      ]
    },
    {
      "module": "module.user_andy_paine",
      "mode": "managed",
      "type": "github_team_membership",
      "name": "team_membership",
      "each": "list",
      "provider": "provider.github",
      "instances": [
        {
          "index_key": 0,
          "schema_version": 0,
          "attributes": {
            "etag": "W/\"dee9e45702f35152755afef290bdc714\"",
            "id": "2826122:andy-paine",
            "role": "member",
            "team_id": "2826122",
            "username": "andy-paine"
          },
          "private": "bnVsbA=="
        },
        {
          "index_key": 1,
          "schema_version": 0,
          "attributes": {
            "etag": "W/\"17ac3efdc7b45cbc104af3f673a77c2a\"",
            "id": "2826127:andy-paine",
            "role": "member",
            "team_id": "2826127",
            "username": "andy-paine"
          },
          "private": "bnVsbA=="
        }
      ]
    },
    {
      "module": "module.user_racinghippo",
      "mode": "managed",
      "type": "github_team_membership",
      "name": "team_membership",
      "each": "list",
      "provider": "provider.github",
      "instances": [
        {
          "index_key": 0,
          "schema_version": 0,
          "attributes": {
            "etag": "W/\"1a38a5518a24eb8feea51a13b6d0616e\"",
            "id": "2826122:RacingHippo",
            "role": "member",
            "team_id": "2826122",
            "username": "RacingHippo"
          }
        }
      ]
    },
    {
      "module": "module.user_issyl0",
      "mode": "managed",
      "type": "github_team_membership",
      "name": "team_membership",
      "each": "list",
      "provider": "provider.github",
      "instances": [
        {
          "index_key": 0,
          "schema_version": 0,
          "attributes": {
            "etag": "W/\"54efa2a2f197e612314f6d826000a311\"",
            "id": "2826122:issyl0",
            "role": "member",
            "team_id": "2826122",
            "username": "issyl0"
          },
          "private": "bnVsbA=="
        },
        {
          "index_key": 1,
          "schema_version": 0,
          "attributes": {
            "etag": "W/\"f7049f53e2879b85f7e6ee3264bb1720\"",
            "id": "2826127:issyl0",
            "role": "member",
            "team_id": "2826127",
            "username": "issyl0"
          },
          "private": "bnVsbA=="
        }
      ]
    },
    {
      "module": "module.user_annecarr",
      "mode": "managed",
      "type": "github_team_membership",
      "name": "team_membership",
      "each": "list",
      "provider": "provider.github",
      "instances": [
        {
          "index_key": 0,
          "schema_version": 0,
          "attributes": {
            "etag": "W/\"af661a88743ac19cbe059dcbeb630ff9\"",
            "id": "2826122:AnneCarr",
            "role": "member",
            "team_id": "2826122",
            "username": "AnneCarr"
          }
        }
      ]
    },
    {
      "module": "module.user_thomasalanlee",
      "mode": "managed",
      "type": "github_team_membership",
      "name": "team_membership",
      "each": "list",
      "provider": "provider.github",
      "instances": [
        {
          "index_key": 0,
          "schema_version": 0,
          "attributes": {
            "etag": "W/\"af324884d7ba3a127e3de162d72e65e3\"",
            "id": "2826122:thomasalanlee",
            "role": "maintainer",
            "team_id": "2826122",
            "username": "thomasalanlee"
          }
        },
        {
          "index_key": 1,
          "schema_version": 0,
          "attributes": {
            "etag": "W/\"1513f963a9a70a4956e4034ea53eb949\"",
            "id": "2826126:thomasalanlee",
            "role": "maintainer",
            "team_id": "2826126",
            "username": "thomasalanlee"
          }
        },
        {
          "index_key": 2,
          "schema_version": 0,
          "attributes": {
            "etag": "W/\"c72d104605f8b2d36fd304a5c35ffd9c\"",
            "id": "2826127:thomasalanlee",
            "role": "maintainer",
            "team_id": "2826127",
            "username": "thomasalanlee"
          }
        }
      ]
    },
    {
      "module": "module.user_philandstuff",
      "mode": "managed",
      "type": "github_team_membership",
      "name": "team_membership",
      "each": "list",
      "provider": "provider.github",
      "instances": [
        {
          "index_key": 0,
          "schema_version": 0,
          "attributes": {
            "etag": "W/\"7c55d87889da8bb82b6c41cad5d3850e\"",
            "id": "2826122:philandstuff",
            "role": "member",
            "team_id": "2826122",
            "username": "philandstuff"
          },
          "private": "bnVsbA=="
        },
        {
          "index_key": 1,
          "schema_version": 0,
          "attributes": {
            "etag": "W/\"b80790daaf894da8d2cb6921ae66b1a8\"",
            "id": "2826127:philandstuff",
            "role": "member",
            "team_id": "2826127",
            "username": "philandstuff"
          },
          "private": "bnVsbA=="
        }
      ]
    },
    {
      "module": "module.user_alexandergeegds",
      "mode": "managed",
      "type": "github_team_membership",
      "name": "team_membership",
      "each": "list",
      "provider": "provider.github",
      "instances": [
        {
          "index_key": 0,
          "schema_version": 0,
          "attributes": {
            "etag": "W/\"5bfeb5b0d6bbad0eef6c69fab2d7cca5\"",
            "id": "2826122:alexandergeegds",
            "role": "member",
            "team_id": "2826122",
            "username": "alexandergeegds"
          }
        }
      ]
    },
    {
      "module": "module.user_alex_monk",
      "mode": "managed",
      "type": "github_team_membership",
      "name": "team_membership",
      "each": "list",
      "provider": "provider.github",
      "instances": [
        {
          "index_key": 0,
          "schema_version": 0,
          "attributes": {
            "etag": "W/\"5121b4439a5fca85a1b84c1e67faaea5\"",
            "id": "2826122:Krenair",
            "role": "member",
            "team_id": "2826122",
            "username": "Krenair"
          }
        },
        {
          "index_key": 1,
          "schema_version": 0,
          "attributes": {
            "etag": "W/\"0c946613bb27cd149ea825f9083ca2b5\"",
            "id": "2826127:Krenair",
            "role": "member",
            "team_id": "2826127",
            "username": "Krenair"
          }
        }
      ]
    },
    {
      "module": "module.user_jstandring_gds",
      "mode": "managed",
      "type": "github_team_membership",
      "name": "team_membership",
      "each": "list",
      "provider": "provider.github",
      "instances": [
        {
          "index_key": 0,
          "schema_version": 0,
          "attributes": {
            "etag": "W/\"089bdb812e7f0ae74629d4aa28370691\"",
            "id": "2826127:jstandring-gds",
            "role": "member",
            "team_id": "2826127",
            "username": "jstandring-gds"
          }
        }
      ]
    },
    {
      "module": "module.user_tomrosier",
      "mode": "managed",
      "type": "github_team_membership",
      "name": "team_membership",
      "each": "list",
      "provider": "provider.github",
      "instances": [
        {
          "index_key": 0,
          "schema_version": 0,
          "attributes": {
            "etag": "W/\"a7822415bd9a1c867a6201ed2c4fb7f1\"",
            "id": "2826122:tomrosier",
            "role": "member",
            "team_id": "2826122",
            "username": "tomrosier"
          }
        },
        {
          "index_key": 1,
          "schema_version": 0,
          "attributes": {
            "etag": "W/\"31e2742802450b09e0fa78a12861008e\"",
            "id": "2826126:tomrosier",
            "role": "member",
            "team_id": "2826126",
            "username": "tomrosier"
          }
        }
      ]
    },
    {
      "module": "module.user_brenetic",
      "mode": "managed",
      "type": "github_team_membership",
      "name": "team_membership",
      "each": "list",
      "provider": "provider.github",
      "instances": [
        {
          "index_key": 0,
          "schema_version": 0,
          "attributes": {
            "etag": "W/\"04994d034f54f3d7da4a59dc32b1230b\"",
            "id": "2826122:brenetic",
            "role": "maintainer",
            "team_id": "2826122",
            "username": "brenetic"
          }
        }
      ]
    },
    {
      "module": "module.user_nacnudus",
      "mode": "managed",
      "type": "github_team_membership",
      "name": "team_membership",
      "each": "list",
      "provider": "provider.github",
      "instances": [
        {
          "index_key": 0,
          "schema_version": 0,
          "attributes": {
            "etag": "W/\"1ec69468436afa7c6d3c9eece96d5f57\"",
            "id": "2826122:nacnudus",
            "role": "member",
            "team_id": "2826122",
            "username": "nacnudus"
          }
        }
      ]
    },
    {
      "module": "module.user_sakisv",
      "mode": "managed",
      "type": "github_team_membership",
      "name": "team_membership",
      "each": "list",
      "provider": "provider.github",
      "instances": [
        {
          "index_key": 0,
          "schema_version": 0,
          "attributes": {
            "etag": "W/\"be6e641a7b10b79d1b160bf32ee1d36f\"",
            "id": "2826122:sakisv",
            "role": "member",
            "team_id": "2826122",
            "username": "sakisv"
          }
        },
        {
          "index_key": 1,
          "schema_version": 0,
          "attributes": {
            "etag": "W/\"51a3e367471d47f550dbaa156e7f99d0\"",
            "id": "2826127:sakisv",
            "role": "member",
            "team_id": "2826127",
            "username": "sakisv"
          }
        }
      ]
    },
    {
      "module": "module.user_bjgill",
      "mode": "managed",
      "type": "github_team_membership",
      "name": "team_membership",
      "each": "list",
      "provider": "provider.github",
      "instances": [
        {
          "index_key": 0,
          "schema_version": 0,
          "attributes": {
            "etag": "W/\"a10d778d5fa8ec7d97b2fa6507b0aaed\"",
            "id": "2826122:bjgill",
            "role": "member",
            "team_id": "2826122",
            "username": "bjgill"
          }
        }
      ]
    },
    {
      "module": "module.user_rhowe_gds",
      "mode": "managed",
      "type": "github_team_membership",
      "name": "team_membership",
      "each": "list",
      "provider": "provider.github",
      "instances": [
        {
          "index_key": 0,
          "schema_version": 0,
          "attributes": {
            "etag": "W/\"5cff2b8b5bdbefed9abf42a8e2057dbb\"",
            "id": "2826122:rhowe-gds",
            "role": "member",
            "team_id": "2826122",
            "username": "rhowe-gds"
          },
          "private": "bnVsbA=="
        },
        {
          "index_key": 1,
          "schema_version": 0,
          "attributes": {
            "etag": "W/\"c974bff59fa219abd7077a413c14442d\"",
            "id": "2826127:rhowe-gds",
            "role": "member",
            "team_id": "2826127",
            "username": "rhowe-gds"
          },
          "private": "bnVsbA=="
        }
      ]
    },
    {
      "module": "module.user_blairboy362",
      "mode": "managed",
      "type": "github_team_membership",
      "name": "team_membership",
      "each": "list",
      "provider": "provider.github",
      "instances": [
        {
          "index_key": 0,
          "schema_version": 0,
          "attributes": {
            "etag": "W/\"5a8f04a35fbb1037191f012d3ed4dc60\"",
            "id": "2826122:blairboy362",
            "role": "member",
            "team_id": "2826122",
            "username": "blairboy362"
          },
          "private": "bnVsbA=="
        },
        {
          "index_key": 1,
          "schema_version": 0,
          "attributes": {
            "etag": "W/\"6b41c30807eb34437315495b797fe0df\"",
            "id": "2826127:blairboy362",
            "role": "member",
            "team_id": "2826127",
            "username": "blairboy362"
          },
          "private": "bnVsbA=="
        }
      ]
    },
    {
      "module": "module.user_todai88",
      "mode": "managed",
      "type": "github_team_membership",
      "name": "team_membership",
      "each": "list",
      "provider": "provider.github",
      "instances": [
        {
          "index_key": 0,
          "schema_version": 0,
          "attributes": {
            "etag": "W/\"917fa8c00312a5880bb76578c02b16d4\"",
            "id": "2826122:todai88",
            "role": "member",
            "team_id": "2826122",
            "username": "Todai88"
          }
        }
      ]
    },
    {
      "module": "module.user_jhjava",
      "mode": "managed",
      "type": "github_team_membership",
      "name": "team_membership",
      "each": "list",
      "provider": "provider.github",
      "instances": [
        {
          "index_key": 0,
          "schema_version": 0,
          "attributes": {
            "etag": "W/\"4dbde8aa5fd63e516a94fbc9481217fd\"",
            "id": "2826122:JHjava",
            "role": "maintainer",
            "team_id": "2826122",
            "username": "JHjava"
          }
        },
        {
          "index_key": 1,
          "schema_version": 0,
          "attributes": {
            "etag": "W/\"7f1defd98f7c827d35b4981346ea309a\"",
            "id": "2826126:JHjava",
            "role": "maintainer",
            "team_id": "2826126",
            "username": "JHjava"
          }
        }
      ]
    },
    {
      "module": "module.user_chrisclayson",
      "mode": "managed",
      "type": "github_team_membership",
      "name": "team_membership",
      "each": "list",
      "provider": "provider.github",
      "instances": [
        {
          "index_key": 0,
          "schema_version": 0,
          "attributes": {
            "etag": "W/\"1cd21082a8d72089805a6e953818a13c\"",
            "id": "2826122:chrisclayson",
            "role": "member",
            "team_id": "2826122",
            "username": "chrisclayson"
          }
        }
      ]
    },
    {
      "module": "module.user_rosa_fox",
      "mode": "managed",
      "type": "github_team_membership",
      "name": "team_membership",
      "each": "list",
      "provider": "provider.github",
      "instances": [
        {
          "index_key": 0,
          "schema_version": 0,
          "attributes": {
            "etag": "W/\"9cc3332cb969b975bfab05bbc79abc24\"",
            "id": "2826122:Rosa-Fox",
            "role": "member",
            "team_id": "2826122",
            "username": "Rosa-Fox"
          }
        }
      ]
    },
    {
      "module": "module.user_bravegrape",
      "mode": "managed",
      "type": "github_team_membership",
      "name": "team_membership",
      "each": "list",
      "provider": "provider.github",
      "instances": [
        {
          "index_key": 0,
          "schema_version": 0,
          "attributes": {
            "etag": "W/\"e6d5f050f6244fb4a50e4705ad3e280d\"",
            "id": "2826122:bravegrape",
            "role": "member",
            "team_id": "2826122",
            "username": "bravegrape"
          }
        }
      ]
    },
    {
      "module": "module.user_mrwilson",
      "mode": "managed",
      "type": "github_team_membership",
      "name": "team_membership",
      "each": "list",
      "provider": "provider.github",
      "instances": [
        {
          "index_key": 0,
          "schema_version": 0,
          "attributes": {
            "etag": "W/\"57a1d6bc11952bc0e436f2287bbbadd8\"",
            "id": "2826122:mrwilson",
            "role": "member",
            "team_id": "2826122",
            "username": "mrwilson"
          }
        }
      ]
    },
    {
      "module": "module.user_adityapahuja",
      "mode": "managed",
      "type": "github_team_membership",
      "name": "team_membership",
      "each": "list",
      "provider": "provider.github",
      "instances": [
        {
          "index_key": 0,
          "schema_version": 0,
          "attributes": {
            "etag": "W/\"67dea157c133217834bcaa866f20de3d\"",
            "id": "2826122:adityapahuja",
            "role": "member",
            "team_id": "2826122",
            "username": "adityapahuja"
          }
        },
        {
          "index_key": 1,
          "schema_version": 0,
          "attributes": {
            "etag": "W/\"b85dcd88723004cf5810da4041c2c441\"",
            "id": "2826127:adityapahuja",
            "role": "member",
            "team_id": "2826127",
            "username": "adityapahuja"
          }
        }
      ]
    },
    {
      "module": "module.user_j_maynard",
      "mode": "managed",
      "type": "github_team_membership",
      "name": "team_membership",
      "each": "list",
      "provider": "provider.github",
      "instances": [
        {
          "index_key": 0,
          "schema_version": 0,
          "attributes": {
            "etag": "W/\"53c01b2ec0c8489ceea0942c9db05365\"",
            "id": "2826122:j-maynard",
            "role": "member",
            "team_id": "2826122",
            "username": "j-maynard"
          }
        }
      ]
    },
    {
      "module": "module.user_gdsnewt",
      "mode": "managed",
      "type": "github_team_membership",
      "name": "team_membership",
      "each": "list",
      "provider": "provider.github",
      "instances": [
        {
          "index_key": 0,
          "schema_version": 0,
          "attributes": {
            "etag": "W/\"014b714d10b0b4ddd9db0d6ad24752d8\"",
            "id": "2826122:GDSNewt",
            "role": "member",
            "team_id": "2826122",
            "username": "GDSNewt"
          }
        }
      ]
    },
    {
      "module": "module.user_kerrr",
      "mode": "managed",
      "type": "github_team_membership",
      "name": "team_membership",
      "each": "list",
      "provider": "provider.github",
      "instances": [
        {
          "index_key": 0,
          "schema_version": 0,
          "attributes": {
            "etag": "W/\"290b86beaa5c58f02b9e7dac61947d36\"",
            "id": "2826122:kerrr",
            "role": "member",
            "team_id": "2826122",
            "username": "kerrr"
          }
        }
      ]
    },
    {
      "module": "module.user_idacodacybot",
      "mode": "managed",
      "type": "github_team_membership",
      "name": "team_membership",
      "each": "list",
      "provider": "provider.github",
      "instances": [
        {
          "index_key": 0,
          "schema_version": 0,
          "attributes": {
            "etag": "W/\"b0940e5f1f93278bffa00763706cc86a\"",
            "id": "2826122:ida-codacy-bot",
            "role": "member",
            "team_id": "2826122",
            "username": "ida-codacy-bot"
          }
        },
        {
          "index_key": 1,
          "schema_version": 0,
          "attributes": {
            "etag": "W/\"0c6c00542ff9c37c94c8ef1aebe079ab\"",
            "id": "2826126:ida-codacy-bot",
            "role": "member",
            "team_id": "2826126",
            "username": "ida-codacy-bot"
          }
        }
      ]
    },
    {
      "module": "module.user_ronocg",
      "mode": "managed",
      "type": "github_team_membership",
      "name": "team_membership",
      "each": "list",
      "provider": "provider.github",
      "instances": [
        {
          "index_key": 0,
          "schema_version": 0,
          "attributes": {
            "etag": "W/\"f589f1936ffa3626f3fceb10d19206fe\"",
            "id": "2826122:ronocg",
            "role": "member",
            "team_id": "2826122",
            "username": "ronocg"
          }
        }
      ]
    },
    {
      "module": "module.user_jakubmiarka",
      "mode": "managed",
      "type": "github_team_membership",
      "name": "team_membership",
      "each": "list",
      "provider": "provider.github",
      "instances": [
        {
          "index_key": 0,
          "schema_version": 0,
          "attributes": {
            "etag": "W/\"9f14b169625a3afb1535a23a1710fc03\"",
            "id": "2826122:jakubmiarka",
            "role": "maintainer",
            "team_id": "2826122",
            "username": "jakubmiarka"
          }
        }
      ]
    },
    {
      "module": "module.user_poveyd",
      "mode": "managed",
      "type": "github_team_membership",
      "name": "team_membership",
      "each": "list",
      "provider": "provider.github",
      "instances": [
        {
          "index_key": 0,
          "schema_version": 0,
          "attributes": {
            "etag": "W/\"ed9f6b195b10bffc518cc010a13912c0\"",
            "id": "2826122:poveyd",
            "role": "member",
            "team_id": "2826122",
            "username": "poveyd"
          },
          "private": "bnVsbA=="
        },
        {
          "index_key": 1,
          "schema_version": 0,
          "attributes": {
            "etag": "W/\"f83f7af3f9440bd46138ea2694378724\"",
            "id": "2826127:poveyd",
            "role": "member",
            "team_id": "2826127",
            "username": "poveyd"
          },
          "private": "bnVsbA=="
        }
      ]
    },
    {
      "module": "module.user_tlwr",
      "mode": "managed",
      "type": "github_team_membership",
      "name": "team_membership",
      "each": "list",
      "provider": "provider.github",
      "instances": [
        {
          "index_key": 0,
          "schema_version": 0,
          "attributes": {
            "etag": "W/\"6b39a67a13aa607bc96d010a87a40d3c\"",
            "id": "2826122:tlwr",
            "role": "member",
            "team_id": "2826122",
            "username": "tlwr"
          },
          "private": "bnVsbA=="
        },
        {
          "index_key": 1,
          "schema_version": 0,
          "attributes": {
            "etag": "W/\"9cbafb2ef6fe339e211d25b0726346fb\"",
            "id": "2826127:tlwr",
            "role": "member",
            "team_id": "2826127",
            "username": "tlwr"
          },
          "private": "bnVsbA=="
        }
      ]
    },
    {
      "module": "module.user_chrisholmes",
      "mode": "managed",
      "type": "github_team_membership",
      "name": "team_membership",
      "each": "list",
      "provider": "provider.github",
      "instances": [
        {
          "index_key": 0,
          "schema_version": 0,
          "attributes": {
            "etag": "W/\"3c6bb6b694f32c80d908f297ea75ddda\"",
            "id": "2826122:chrisholmes",
            "role": "maintainer",
            "team_id": "2826122",
            "username": "chrisholmes"
          }
        },
        {
          "index_key": 1,
          "schema_version": 0,
          "attributes": {
            "etag": "W/\"6e0852bf430ef5832271037d6aa36c26\"",
            "id": "2826126:chrisholmes",
            "role": "maintainer",
            "team_id": "2826126",
            "username": "chrisholmes"
          }
        },
        {
          "index_key": 2,
          "schema_version": 0,
          "attributes": {
            "etag": "W/\"e73ffe2c8a10acfd592d119549229dc7\"",
            "id": "2826127:chrisholmes",
            "role": "maintainer",
            "team_id": "2826127",
            "username": "chrisholmes"
          }
        }
      ]
    },
    {
      "module": "module.user_mhussein_gds",
      "mode": "managed",
      "type": "github_team_membership",
      "name": "team_membership",
      "each": "list",
      "provider": "provider.github",
      "instances": [
        {
          "index_key": 0,
          "schema_version": 0,
          "attributes": {
            "etag": "W/\"9b22de883bf94fb5a343b2cea9a31144\"",
            "id": "2826122:mhussein-gds",
            "role": "member",
            "team_id": "2826122",
            "username": "mhussein-gds"
          }
        }
      ]
    },
    {
      "module": "module.user_ida_build_bot",
      "mode": "managed",
      "type": "github_team_membership",
      "name": "team_membership",
      "each": "list",
      "provider": "provider.github",
      "instances": [
        {
          "index_key": 0,
          "schema_version": 0,
          "attributes": {
            "etag": "W/\"5f9018f28353f9f3ac61597a8d15eca5\"",
            "id": "2826122:ida-build-bot",
            "role": "member",
            "team_id": "2826122",
            "username": "ida-build-bot"
          }
        },
        {
          "index_key": 1,
          "schema_version": 0,
          "attributes": {
            "etag": "W/\"3c8e35c1e1f1075e938185368330ad51\"",
            "id": "2826126:ida-build-bot",
            "role": "member",
            "team_id": "2826126",
            "username": "ida-build-bot"
          }
        }
      ]
    },
    {
      "module": "module.user_idrop",
      "mode": "managed",
      "type": "github_team_membership",
      "name": "team_membership",
      "each": "list",
      "provider": "provider.github",
      "instances": [
        {
          "index_key": 0,
          "schema_version": 0,
          "attributes": {
            "etag": "W/\"458ade1c12c9efbd10544d7e6fdc8588\"",
            "id": "2826122:idrop",
            "role": "member",
            "team_id": "2826122",
            "username": "idrop"
          }
        },
        {
          "index_key": 1,
          "schema_version": 0,
          "attributes": {
            "etag": "W/\"8f84bc473b0564b4f844603645c480ac\"",
            "id": "2826126:idrop",
            "role": "member",
            "team_id": "2826126",
            "username": "idrop"
          }
        }
      ]
    },
    {
      "module": "module.user_sarahdean",
      "mode": "managed",
      "type": "github_team_membership",
      "name": "team_membership",
      "each": "list",
      "provider": "provider.github",
      "instances": [
        {
          "index_key": 0,
          "schema_version": 0,
          "attributes": {
            "etag": "W/\"907ab205f3203a5ad4d670fa22a6dd8b\"",
            "id": "2826122:sarah-dean",
            "role": "member",
            "team_id": "2826122",
            "username": "sarah-dean"
          }
        }
      ]
    },
    {
      "module": "module.user_mariaslo",
      "mode": "managed",
      "type": "github_team_membership",
      "name": "team_membership",
      "each": "list",
      "provider": "provider.github",
      "instances": [
        {
          "index_key": 0,
          "schema_version": 0,
          "attributes": {
            "etag": "W/\"5a8ceea2f80904ea6011e429778202da\"",
            "id": "2826122:Mariaslo",
            "role": "member",
            "team_id": "2826122",
            "username": "Mariaslo"
          }
        }
      ]
    },
    {
      "module": "module.user_alan_gds",
      "mode": "managed",
      "type": "github_team_membership",
      "name": "team_membership",
      "each": "list",
      "provider": "provider.github",
      "instances": [
        {
          "index_key": 0,
          "schema_version": 0,
          "attributes": {
            "etag": "W/\"060ae91855536484cd53bbf7cad90ce0\"",
            "id": "2826122:alan-gds",
            "role": "member",
            "team_id": "2826122",
            "username": "alan-gds"
          }
        }
      ]
    },
    {
      "module": "module.user_chris_wynne",
      "mode": "managed",
      "type": "github_team_membership",
      "name": "team_membership",
      "each": "list",
      "provider": "provider.github",
      "instances": [
        {
          "index_key": 0,
          "schema_version": 0,
          "attributes": {
            "etag": "W/\"8fbf897d8caa00de4bc0da791bb7900a\"",
            "id": "2826122:Wynndow",
            "role": "member",
            "team_id": "2826122",
            "username": "Wynndow"
          }
        },
        {
          "index_key": 1,
          "schema_version": 0,
          "attributes": {
            "etag": "W/\"9c2e48e13e44d1a39abf273f9dcddc25\"",
            "id": "2826126:Wynndow",
            "role": "member",
            "team_id": "2826126",
            "username": "Wynndow"
          }
        }
      ]
    },
    {
      "module": "module.user_jkunle",
      "mode": "managed",
      "type": "github_team_membership",
      "name": "team_membership",
      "each": "list",
      "provider": "provider.github",
      "instances": [
        {
          "index_key": 0,
          "schema_version": 0,
          "attributes": {
            "etag": "W/\"2acf5b30b04b605778ba753e902cf603\"",
            "id": "2826122:jkunle",
            "role": "member",
            "team_id": "2826122",
            "username": "jkunle"
          }
        }
      ]
    },
    {
      "module": "module.user_johnwattsgds",
      "mode": "managed",
      "type": "github_team_membership",
      "name": "tech_team_approver",
      "each": "list",
      "provider": "provider.github",
      "instances": [
        {
          "index_key": 0,
          "schema_version": 0,
          "attributes": {
            "etag": "W/\"947fcbc1eb3fefb8ca178bde3062b739\"",
            "id": "3101758:JohnWattsGDS",
            "role": "member",
            "team_id": "3101758",
            "username": "JohnWattsGDS"
          },
          "depends_on": [
            "data.github_team.approvers_team"
          ]
        }
      ]
    },
    {
      "module": "module.user_benjamin_mortimer",
      "mode": "managed",
      "type": "github_team_membership",
      "name": "tech_team_approver",
      "each": "list",
      "provider": "provider.github",
      "instances": []
    },
    {
      "module": "module.user_sistephens",
      "mode": "managed",
      "type": "github_team_membership",
      "name": "tech_team_approver",
      "each": "list",
      "provider": "provider.github",
      "instances": []
    },
    {
      "module": "module.user_szd55gds",
      "mode": "managed",
      "type": "github_team_membership",
      "name": "tech_team_approver",
      "each": "list",
      "provider": "provider.github",
      "instances": [
        {
          "index_key": 0,
          "schema_version": 0,
          "attributes": {
            "etag": "W/\"ec06e54a27ad3761209d60c81d40401b\"",
            "id": "3101758:szd55gds",
            "role": "member",
            "team_id": "3101758",
            "username": "szd55gds"
          },
          "depends_on": [
            "data.github_team.approvers_team"
          ]
        }
      ]
    },
    {
      "module": "module.user_zilnhoj",
      "mode": "managed",
      "type": "github_team_membership",
      "name": "tech_team_approver",
      "each": "list",
      "provider": "provider.github",
      "instances": []
    },
    {
      "module": "module.user_galund",
      "mode": "managed",
      "type": "github_team_membership",
      "name": "tech_team_approver",
      "each": "list",
      "provider": "provider.github",
      "instances": [
        {
          "index_key": 0,
          "schema_version": 0,
          "attributes": {
            "etag": "W/\"6a62068e8d9019c8f54cbfc1e107308f\"",
            "id": "3101758:galund",
            "role": "member",
            "team_id": "3101758",
            "username": "galund"
          },
          "depends_on": [
            "data.github_team.approvers_team"
          ]
        }
      ]
    },
    {
      "module": "module.user_charlesic",
      "mode": "managed",
      "type": "github_team_membership",
      "name": "tech_team_approver",
      "each": "list",
      "provider": "provider.github",
      "instances": [
        {
          "index_key": 0,
          "schema_version": 0,
          "attributes": {
            "etag": "W/\"bebd052d7ddb1054974d5a9c750d2e76\"",
            "id": "3101758:CharlesIC",
            "role": "member",
            "team_id": "3101758",
            "username": "CharlesIC"
          },
          "private": "bnVsbA==",
          "depends_on": [
            "data.github_team.approvers_team"
          ]
        }
      ]
    },
    {
      "module": "module.user_michaelabenyohai",
      "mode": "managed",
      "type": "github_team_membership",
      "name": "tech_team_approver",
      "each": "list",
      "provider": "provider.github",
      "instances": [
        {
          "index_key": 0,
          "schema_version": 0,
          "attributes": {
            "etag": "W/\"712ad1eb5cf9abd2478e912e77222bb9\"",
            "id": "3101758:michaelabenyohai",
            "role": "member",
            "team_id": "3101758",
            "username": "michaelabenyohai"
          },
          "private": "bnVsbA==",
          "depends_on": [
            "data.github_team.approvers_team"
          ]
        }
      ]
    },
    {
      "module": "module.user_amritsidhu",
      "mode": "managed",
      "type": "github_team_membership",
      "name": "tech_team_approver",
      "each": "list",
      "provider": "provider.github",
      "instances": [
        {
          "index_key": 0,
          "schema_version": 0,
          "attributes": {
            "etag": "W/\"306fa8c80311b6df9c09be18b663bbf0\"",
            "id": "3101758:AmritSidhu",
            "role": "member",
            "team_id": "3101758",
            "username": "AmritSidhu"
          },
          "depends_on": [
            "data.github_team.approvers_team"
          ]
        }
      ]
    },
    {
      "module": "module.user_coleni",
      "mode": "managed",
      "type": "github_team_membership",
      "name": "tech_team_approver",
      "each": "list",
      "provider": "provider.github",
      "instances": []
    },
    {
      "module": "module.user_dbes_gds",
      "mode": "managed",
      "type": "github_team_membership",
      "name": "tech_team_approver",
      "each": "list",
      "provider": "provider.github",
      "instances": [
        {
          "index_key": 0,
          "schema_version": 0,
          "attributes": {
            "etag": "W/\"a20ec025bfa3386deda553d4456b6c6c\"",
            "id": "3101758:dbes-gds",
            "role": "member",
            "team_id": "3101758",
            "username": "dbes-gds"
          },
          "depends_on": [
            "data.github_team.approvers_team"
          ]
        }
      ]
    },
    {
      "module": "module.user_instantiator",
      "mode": "managed",
      "type": "github_team_membership",
      "name": "tech_team_approver",
      "each": "list",
      "provider": "provider.github",
      "instances": []
    },
    {
      "module": "module.user_robinmitra",
      "mode": "managed",
      "type": "github_team_membership",
      "name": "tech_team_approver",
      "each": "list",
      "provider": "provider.github",
      "instances": [
        {
          "index_key": 0,
          "schema_version": 0,
          "attributes": {
            "etag": "W/\"d28a529551da615790176e9f2efd8eee\"",
            "id": "3101758:robinmitra",
            "role": "member",
            "team_id": "3101758",
            "username": "robinmitra"
          },
          "depends_on": [
            "data.github_team.approvers_team"
          ]
        }
      ]
    },
    {
      "module": "module.user_smford",
      "mode": "managed",
      "type": "github_team_membership",
      "name": "tech_team_approver",
      "each": "list",
      "provider": "provider.github",
      "instances": [
        {
          "index_key": 0,
          "schema_version": 0,
          "attributes": {
            "etag": "W/\"edcfd3a2773539230e7939aad00573f8\"",
            "id": "3101758:smford",
            "role": "member",
            "team_id": "3101758",
            "username": "smford"
          },
          "private": "bnVsbA==",
          "depends_on": [
            "data.github_team.approvers_team"
          ]
        }
      ]
    },
    {
      "module": "module.user_andy_paine",
      "mode": "managed",
      "type": "github_team_membership",
      "name": "tech_team_approver",
      "each": "list",
      "provider": "provider.github",
      "instances": [
        {
          "index_key": 0,
          "schema_version": 0,
          "attributes": {
            "etag": "W/\"b320c2693b7c296c38fe8022dd693417\"",
            "id": "3101758:andy-paine",
            "role": "member",
            "team_id": "3101758",
            "username": "andy-paine"
          },
          "private": "bnVsbA==",
          "depends_on": [
            "data.github_team.approvers_team"
          ]
        }
      ]
    },
    {
      "module": "module.user_racinghippo",
      "mode": "managed",
      "type": "github_team_membership",
      "name": "tech_team_approver",
      "each": "list",
      "provider": "provider.github",
      "instances": []
    },
    {
      "module": "module.user_issyl0",
      "mode": "managed",
      "type": "github_team_membership",
      "name": "tech_team_approver",
      "each": "list",
      "provider": "provider.github",
      "instances": [
        {
          "index_key": 0,
          "schema_version": 0,
          "attributes": {
            "etag": "W/\"e3f6eb4d10e39e27c1a98c3ecfab7fba\"",
            "id": "3101758:issyl0",
            "role": "member",
            "team_id": "3101758",
            "username": "issyl0"
          },
          "private": "bnVsbA==",
          "depends_on": [
            "data.github_team.approvers_team"
          ]
        }
      ]
    },
    {
      "module": "module.user_annecarr",
      "mode": "managed",
      "type": "github_team_membership",
      "name": "tech_team_approver",
      "each": "list",
      "provider": "provider.github",
      "instances": []
    },
    {
      "module": "module.user_thomasalanlee",
      "mode": "managed",
      "type": "github_team_membership",
      "name": "tech_team_approver",
      "each": "list",
      "provider": "provider.github",
      "instances": [
        {
          "index_key": 0,
          "schema_version": 0,
          "attributes": {
            "etag": "W/\"91a8197c284de8288e1e71e3ddeabc91\"",
            "id": "3101758:thomasalanlee",
            "role": "member",
            "team_id": "3101758",
            "username": "thomasalanlee"
          },
          "private": "bnVsbA==",
          "depends_on": [
            "data.github_team.approvers_team"
          ]
        }
      ]
    },
    {
      "module": "module.user_philandstuff",
      "mode": "managed",
      "type": "github_team_membership",
      "name": "tech_team_approver",
      "each": "list",
      "provider": "provider.github",
      "instances": [
        {
          "index_key": 0,
          "schema_version": 0,
          "attributes": {
            "etag": "W/\"79f7306bd74643d6052928e88bd44837\"",
            "id": "3101758:philandstuff",
            "role": "member",
            "team_id": "3101758",
            "username": "philandstuff"
          },
          "private": "bnVsbA==",
          "depends_on": [
            "data.github_team.approvers_team"
          ]
        }
      ]
    },
    {
      "module": "module.user_alexandergeegds",
      "mode": "managed",
      "type": "github_team_membership",
      "name": "tech_team_approver",
      "each": "list",
      "provider": "provider.github",
      "instances": [
        {
          "index_key": 0,
          "schema_version": 0,
          "attributes": {
            "etag": "W/\"9e891a09b2f0fa064138aaf52f7c0ca8\"",
            "id": "3101758:alexandergeegds",
            "role": "member",
            "team_id": "3101758",
            "username": "alexandergeegds"
          },
          "depends_on": [
            "data.github_team.approvers_team"
          ]
        }
      ]
    },
    {
      "module": "module.user_alex_monk",
      "mode": "managed",
      "type": "github_team_membership",
      "name": "tech_team_approver",
      "each": "list",
      "provider": "provider.github",
      "instances": [
        {
          "index_key": 0,
          "schema_version": 0,
          "attributes": {
            "etag": "W/\"952fb860ada49cc41843ba3910363729\"",
            "id": "3101758:Krenair",
            "role": "member",
            "team_id": "3101758",
            "username": "Krenair"
          },
          "depends_on": [
            "data.github_team.approvers_team"
          ]
        }
      ]
    },
    {
      "module": "module.user_jstandring_gds",
      "mode": "managed",
      "type": "github_team_membership",
      "name": "tech_team_approver",
      "each": "list",
      "provider": "provider.github",
      "instances": [
        {
          "index_key": 0,
          "schema_version": 0,
          "attributes": {
            "etag": "W/\"171022c2da4067065078af4d79b06381\"",
            "id": "3101758:jstandring-gds",
            "role": "member",
            "team_id": "3101758",
            "username": "jstandring-gds"
          },
          "depends_on": [
            "data.github_team.approvers_team"
          ]
        }
      ]
    },
    {
      "module": "module.user_tomrosier",
      "mode": "managed",
      "type": "github_team_membership",
      "name": "tech_team_approver",
      "each": "list",
      "provider": "provider.github",
      "instances": [
        {
          "index_key": 0,
          "schema_version": 0,
          "attributes": {
            "etag": "W/\"dd6cae0d097c77c50d30b1fa5a4a6ef4\"",
            "id": "3101758:tomrosier",
            "role": "member",
            "team_id": "3101758",
            "username": "tomrosier"
          },
          "depends_on": [
            "data.github_team.approvers_team"
          ]
        }
      ]
    },
    {
      "module": "module.user_brenetic",
      "mode": "managed",
      "type": "github_team_membership",
      "name": "tech_team_approver",
      "each": "list",
      "provider": "provider.github",
      "instances": [
        {
          "index_key": 0,
          "schema_version": 0,
          "attributes": {
            "etag": "W/\"f34352f55a9c973b718cb82280454fce\"",
            "id": "3101758:brenetic",
            "role": "member",
            "team_id": "3101758",
            "username": "brenetic"
          },
          "private": "bnVsbA==",
          "depends_on": [
            "data.github_team.approvers_team"
          ]
        }
      ]
    },
    {
      "module": "module.user_nacnudus",
      "mode": "managed",
      "type": "github_team_membership",
      "name": "tech_team_approver",
      "each": "list",
      "provider": "provider.github",
      "instances": []
    },
    {
      "module": "module.user_sakisv",
      "mode": "managed",
      "type": "github_team_membership",
      "name": "tech_team_approver",
      "each": "list",
      "provider": "provider.github",
      "instances": [
        {
          "index_key": 0,
          "schema_version": 0,
          "attributes": {
            "etag": "W/\"2c0d37d05ef44c40a1ccbf4c5821ea75\"",
            "id": "3101758:sakisv",
            "role": "member",
            "team_id": "3101758",
            "username": "sakisv"
          },
          "depends_on": [
            "data.github_team.approvers_team"
          ]
        }
      ]
    },
    {
      "module": "module.user_bjgill",
      "mode": "managed",
      "type": "github_team_membership",
      "name": "tech_team_approver",
      "each": "list",
      "provider": "provider.github",
      "instances": [
        {
          "index_key": 0,
          "schema_version": 0,
          "attributes": {
            "etag": "W/\"630155b0787da8fb82e1180ce0df4e69\"",
            "id": "3101758:bjgill",
            "role": "member",
            "team_id": "3101758",
            "username": "bjgill"
          },
          "depends_on": [
            "data.github_team.approvers_team"
          ]
        }
      ]
    },
    {
      "module": "module.user_rhowe_gds",
      "mode": "managed",
      "type": "github_team_membership",
      "name": "tech_team_approver",
      "each": "list",
      "provider": "provider.github",
      "instances": [
        {
          "index_key": 0,
          "schema_version": 0,
          "attributes": {
            "etag": "W/\"d1a7635ba61dca57a7d419a47696a22d\"",
            "id": "3101758:rhowe-gds",
            "role": "member",
            "team_id": "3101758",
            "username": "rhowe-gds"
          },
          "private": "bnVsbA==",
          "depends_on": [
            "data.github_team.approvers_team"
          ]
        }
      ]
    },
    {
      "module": "module.user_blairboy362",
      "mode": "managed",
      "type": "github_team_membership",
      "name": "tech_team_approver",
      "each": "list",
      "provider": "provider.github",
      "instances": [
        {
          "index_key": 0,
          "schema_version": 0,
          "attributes": {
            "etag": "W/\"8722928c4ece72f6c3d185dd10f2964a\"",
            "id": "3101758:blairboy362",
            "role": "member",
            "team_id": "3101758",
            "username": "blairboy362"
          },
          "depends_on": [
            "data.github_team.approvers_team"
          ]
        }
      ]
    },
    {
      "module": "module.user_todai88",
      "mode": "managed",
      "type": "github_team_membership",
      "name": "tech_team_approver",
      "each": "list",
      "provider": "provider.github",
      "instances": []
    },
    {
      "module": "module.user_jhjava",
      "mode": "managed",
      "type": "github_team_membership",
      "name": "tech_team_approver",
      "each": "list",
      "provider": "provider.github",
      "instances": [
        {
          "index_key": 0,
          "schema_version": 0,
          "attributes": {
            "etag": "W/\"718de84263506113c6c10d93b5ec1bea\"",
            "id": "3101758:JHjava",
            "role": "member",
            "team_id": "3101758",
            "username": "JHjava"
          },
          "private": "bnVsbA==",
          "depends_on": [
            "data.github_team.approvers_team"
          ]
        }
      ]
    },
    {
      "module": "module.user_chrisclayson",
      "mode": "managed",
      "type": "github_team_membership",
      "name": "tech_team_approver",
      "each": "list",
      "provider": "provider.github",
      "instances": [
        {
          "index_key": 0,
          "schema_version": 0,
          "attributes": {
            "etag": "W/\"a3fde5b4ed07e9bac3f4c97e888d292a\"",
            "id": "3101758:chrisclayson",
            "role": "member",
            "team_id": "3101758",
            "username": "chrisclayson"
          },
          "depends_on": [
            "data.github_team.approvers_team"
          ]
        }
      ]
    },
    {
      "module": "module.user_rosa_fox",
      "mode": "managed",
      "type": "github_team_membership",
      "name": "tech_team_approver",
      "each": "list",
      "provider": "provider.github",
      "instances": [
        {
          "index_key": 0,
          "schema_version": 0,
          "attributes": {
            "etag": "W/\"35cc8a20470a31d61e62a544379ec021\"",
            "id": "3101758:Rosa-Fox",
            "role": "member",
            "team_id": "3101758",
            "username": "Rosa-Fox"
          },
          "depends_on": [
            "data.github_team.approvers_team"
          ]
        }
      ]
    },
    {
      "module": "module.user_bravegrape",
      "mode": "managed",
      "type": "github_team_membership",
      "name": "tech_team_approver",
      "each": "list",
      "provider": "provider.github",
      "instances": [
        {
          "index_key": 0,
          "schema_version": 0,
          "attributes": {
            "etag": "W/\"2c803dcfd2ca6649f10c38057716ffbd\"",
            "id": "3101758:bravegrape",
            "role": "member",
            "team_id": "3101758",
            "username": "bravegrape"
          },
          "depends_on": [
            "data.github_team.approvers_team"
          ]
        }
      ]
    },
    {
      "module": "module.user_mrwilson",
      "mode": "managed",
      "type": "github_team_membership",
      "name": "tech_team_approver",
      "each": "list",
      "provider": "provider.github",
      "instances": [
        {
          "index_key": 0,
          "schema_version": 0,
          "attributes": {
            "etag": "W/\"6aac2e325f087838a017da74f5009ca0\"",
            "id": "3101758:mrwilson",
            "role": "member",
            "team_id": "3101758",
            "username": "mrwilson"
          },
          "depends_on": [
            "data.github_team.approvers_team"
          ]
        }
      ]
    },
    {
      "module": "module.user_adityapahuja",
      "mode": "managed",
      "type": "github_team_membership",
      "name": "tech_team_approver",
      "each": "list",
      "provider": "provider.github",
      "instances": [
        {
          "index_key": 0,
          "schema_version": 0,
          "attributes": {
            "etag": "W/\"2f38d725d364bb8951bb47ad1fecab91\"",
            "id": "3101758:adityapahuja",
            "role": "member",
            "team_id": "3101758",
            "username": "adityapahuja"
          },
          "depends_on": [
            "data.github_team.approvers_team"
          ]
        }
      ]
    },
    {
      "module": "module.user_j_maynard",
      "mode": "managed",
      "type": "github_team_membership",
      "name": "tech_team_approver",
      "each": "list",
      "provider": "provider.github",
      "instances": []
    },
    {
      "module": "module.user_gdsnewt",
      "mode": "managed",
      "type": "github_team_membership",
      "name": "tech_team_approver",
      "each": "list",
      "provider": "provider.github",
      "instances": []
    },
    {
      "module": "module.user_kerrr",
      "mode": "managed",
      "type": "github_team_membership",
      "name": "tech_team_approver",
      "each": "list",
      "provider": "provider.github",
      "instances": [
        {
          "index_key": 0,
          "schema_version": 0,
          "attributes": {
            "etag": "W/\"e71782daa419a4cfe32134272b43e31e\"",
            "id": "3101758:kerrr",
            "role": "member",
            "team_id": "3101758",
            "username": "kerrr"
          },
          "depends_on": [
            "data.github_team.approvers_team"
          ]
        }
      ]
    },
    {
      "module": "module.user_idacodacybot",
      "mode": "managed",
      "type": "github_team_membership",
      "name": "tech_team_approver",
      "each": "list",
      "provider": "provider.github",
      "instances": []
    },
    {
      "module": "module.user_ronocg",
      "mode": "managed",
      "type": "github_team_membership",
      "name": "tech_team_approver",
      "each": "list",
      "provider": "provider.github",
      "instances": [
        {
          "index_key": 0,
          "schema_version": 0,
          "attributes": {
            "etag": "W/\"f2207e664e2b09797f9f0d8002f61566\"",
            "id": "3101758:ronocg",
            "role": "member",
            "team_id": "3101758",
            "username": "ronocg"
          },
          "depends_on": [
            "data.github_team.approvers_team"
          ]
        }
      ]
    },
    {
      "module": "module.user_jakubmiarka",
      "mode": "managed",
      "type": "github_team_membership",
      "name": "tech_team_approver",
      "each": "list",
      "provider": "provider.github",
      "instances": [
        {
          "index_key": 0,
          "schema_version": 0,
          "attributes": {
            "etag": "W/\"b55869b56e8f058f5a6488210731ea32\"",
            "id": "3101758:jakubmiarka",
            "role": "member",
            "team_id": "3101758",
            "username": "jakubmiarka"
          },
          "private": "bnVsbA==",
          "depends_on": [
            "data.github_team.approvers_team"
          ]
        }
      ]
    },
    {
      "module": "module.user_poveyd",
      "mode": "managed",
      "type": "github_team_membership",
      "name": "tech_team_approver",
      "each": "list",
      "provider": "provider.github",
      "instances": [
        {
          "index_key": 0,
          "schema_version": 0,
          "attributes": {
            "etag": "W/\"397c3514e1e1f1210a1fa17c1ccdb276\"",
            "id": "3101758:poveyd",
            "role": "member",
            "team_id": "3101758",
            "username": "poveyd"
          },
          "private": "bnVsbA==",
          "depends_on": [
            "data.github_team.approvers_team"
          ]
        }
      ]
    },
    {
      "module": "module.user_tlwr",
      "mode": "managed",
      "type": "github_team_membership",
      "name": "tech_team_approver",
      "each": "list",
      "provider": "provider.github",
      "instances": [
        {
          "index_key": 0,
          "schema_version": 0,
          "attributes": {
            "etag": "W/\"1e0df94773bc72af16750a72af68751a\"",
            "id": "3101758:tlwr",
            "role": "member",
            "team_id": "3101758",
            "username": "tlwr"
          },
          "private": "bnVsbA==",
          "depends_on": [
            "data.github_team.approvers_team"
          ]
        }
      ]
    },
    {
      "module": "module.user_chrisholmes",
      "mode": "managed",
      "type": "github_team_membership",
      "name": "tech_team_approver",
      "each": "list",
      "provider": "provider.github",
      "instances": [
        {
          "index_key": 0,
          "schema_version": 0,
          "attributes": {
            "etag": "W/\"a248753b573dced2c75ff0e268eefcc4\"",
            "id": "3101758:chrisholmes",
            "role": "member",
            "team_id": "3101758",
            "username": "chrisholmes"
          },
          "private": "bnVsbA==",
          "depends_on": [
            "data.github_team.approvers_team"
          ]
        }
      ]
    },
    {
      "module": "module.user_mhussein_gds",
      "mode": "managed",
      "type": "github_team_membership",
      "name": "tech_team_approver",
      "each": "list",
      "provider": "provider.github",
      "instances": [
        {
          "index_key": 0,
          "schema_version": 0,
          "attributes": {
            "etag": "W/\"d10e602fab849c1654d7e1a34f2317b5\"",
            "id": "3101758:mhussein-gds",
            "role": "member",
            "team_id": "3101758",
            "username": "mhussein-gds"
          },
          "depends_on": [
            "data.github_team.approvers_team"
          ]
        }
      ]
    },
    {
      "module": "module.user_ida_build_bot",
      "mode": "managed",
      "type": "github_team_membership",
      "name": "tech_team_approver",
      "each": "list",
      "provider": "provider.github",
      "instances": []
    },
    {
      "module": "module.user_idrop",
      "mode": "managed",
      "type": "github_team_membership",
      "name": "tech_team_approver",
      "each": "list",
      "provider": "provider.github",
      "instances": [
        {
          "index_key": 0,
          "schema_version": 0,
          "attributes": {
            "etag": "W/\"0c40ecf05a82c284421f9a26e12d8f18\"",
            "id": "3101758:idrop",
            "role": "member",
            "team_id": "3101758",
            "username": "idrop"
          },
          "depends_on": [
            "data.github_team.approvers_team"
          ]
        }
      ]
    },
    {
      "module": "module.user_sarahdean",
      "mode": "managed",
      "type": "github_team_membership",
      "name": "tech_team_approver",
      "each": "list",
      "provider": "provider.github",
      "instances": []
    },
    {
      "module": "module.user_mariaslo",
      "mode": "managed",
      "type": "github_team_membership",
      "name": "tech_team_approver",
      "each": "list",
      "provider": "provider.github",
      "instances": []
    },
    {
      "module": "module.user_alan_gds",
      "mode": "managed",
      "type": "github_team_membership",
      "name": "tech_team_approver",
      "each": "list",
      "provider": "provider.github",
      "instances": [
        {
          "index_key": 0,
          "schema_version": 0,
          "attributes": {
            "etag": "W/\"ec24686e8ee16b2f4042b7380c4e65d6\"",
            "id": "3101758:alan-gds",
            "role": "member",
            "team_id": "3101758",
            "username": "alan-gds"
          },
          "depends_on": [
            "data.github_team.approvers_team"
          ]
        }
      ]
    },
    {
      "module": "module.user_chris_wynne",
      "mode": "managed",
      "type": "github_team_membership",
      "name": "tech_team_approver",
      "each": "list",
      "provider": "provider.github",
      "instances": [
        {
          "index_key": 0,
          "schema_version": 0,
          "attributes": {
            "etag": "W/\"c2f90f37133fe98b1e15d887c13e879d\"",
            "id": "3101758:Wynndow",
            "role": "member",
            "team_id": "3101758",
            "username": "Wynndow"
          },
          "depends_on": [
            "data.github_team.approvers_team"
          ]
        }
      ]
    },
    {
      "module": "module.user_jkunle",
      "mode": "managed",
      "type": "github_team_membership",
      "name": "tech_team_approver",
      "each": "list",
      "provider": "provider.github",
      "instances": []
    },
    {
      "module": "module.user_johnwattsgds",
      "mode": "managed",
      "type": "github_team_membership",
      "name": "tech_team_maintainer",
      "each": "list",
      "provider": "provider.github",
      "instances": []
    },
    {
      "module": "module.user_benjamin_mortimer",
      "mode": "managed",
      "type": "github_team_membership",
      "name": "tech_team_maintainer",
      "each": "list",
      "provider": "provider.github",
      "instances": []
    },
    {
      "module": "module.user_sistephens",
      "mode": "managed",
      "type": "github_team_membership",
      "name": "tech_team_maintainer",
      "each": "list",
      "provider": "provider.github",
      "instances": []
    },
    {
      "module": "module.user_szd55gds",
      "mode": "managed",
      "type": "github_team_membership",
      "name": "tech_team_maintainer",
      "each": "list",
      "provider": "provider.github",
      "instances": []
    },
    {
      "module": "module.user_zilnhoj",
      "mode": "managed",
      "type": "github_team_membership",
      "name": "tech_team_maintainer",
      "each": "list",
      "provider": "provider.github",
      "instances": []
    },
    {
      "module": "module.user_galund",
      "mode": "managed",
      "type": "github_team_membership",
      "name": "tech_team_maintainer",
      "each": "list",
      "provider": "provider.github",
      "instances": []
    },
    {
      "module": "module.user_charlesic",
      "mode": "managed",
      "type": "github_team_membership",
      "name": "tech_team_maintainer",
      "each": "list",
      "provider": "provider.github",
      "instances": [
        {
          "index_key": 0,
          "schema_version": 0,
          "attributes": {
            "etag": "W/\"3c8c0c65e2cd19dbf4f83636be69a4a5\"",
            "id": "2830432:CharlesIC",
            "role": "maintainer",
            "team_id": "2830432",
            "username": "CharlesIC"
          },
          "depends_on": [
            "data.github_team.tech_team"
          ]
        }
      ]
    },
    {
      "module": "module.user_michaelabenyohai",
      "mode": "managed",
      "type": "github_team_membership",
      "name": "tech_team_maintainer",
      "each": "list",
      "provider": "provider.github",
      "instances": [
        {
          "index_key": 0,
          "schema_version": 0,
          "attributes": {
            "etag": "W/\"163b6d466771298c5f159b42067d4c5d\"",
            "id": "2830432:michaelabenyohai",
            "role": "maintainer",
            "team_id": "2830432",
            "username": "michaelabenyohai"
          },
          "depends_on": [
            "data.github_team.tech_team"
          ]
        }
      ]
    },
    {
      "module": "module.user_amritsidhu",
      "mode": "managed",
      "type": "github_team_membership",
      "name": "tech_team_maintainer",
      "each": "list",
      "provider": "provider.github",
      "instances": []
    },
    {
      "module": "module.user_coleni",
      "mode": "managed",
      "type": "github_team_membership",
      "name": "tech_team_maintainer",
      "each": "list",
      "provider": "provider.github",
      "instances": []
    },
    {
      "module": "module.user_dbes_gds",
      "mode": "managed",
      "type": "github_team_membership",
      "name": "tech_team_maintainer",
      "each": "list",
      "provider": "provider.github",
      "instances": []
    },
    {
      "module": "module.user_instantiator",
      "mode": "managed",
      "type": "github_team_membership",
      "name": "tech_team_maintainer",
      "each": "list",
      "provider": "provider.github",
      "instances": []
    },
    {
      "module": "module.user_robinmitra",
      "mode": "managed",
      "type": "github_team_membership",
      "name": "tech_team_maintainer",
      "each": "list",
      "provider": "provider.github",
      "instances": []
    },
    {
      "module": "module.user_smford",
      "mode": "managed",
      "type": "github_team_membership",
      "name": "tech_team_maintainer",
      "each": "list",
      "provider": "provider.github",
      "instances": []
    },
    {
      "module": "module.user_andy_paine",
      "mode": "managed",
      "type": "github_team_membership",
      "name": "tech_team_maintainer",
      "each": "list",
      "provider": "provider.github",
      "instances": []
    },
    {
      "module": "module.user_racinghippo",
      "mode": "managed",
      "type": "github_team_membership",
      "name": "tech_team_maintainer",
      "each": "list",
      "provider": "provider.github",
      "instances": []
    },
    {
      "module": "module.user_issyl0",
      "mode": "managed",
      "type": "github_team_membership",
      "name": "tech_team_maintainer",
      "each": "list",
      "provider": "provider.github",
      "instances": []
    },
    {
      "module": "module.user_annecarr",
      "mode": "managed",
      "type": "github_team_membership",
      "name": "tech_team_maintainer",
      "each": "list",
      "provider": "provider.github",
      "instances": []
    },
    {
      "module": "module.user_thomasalanlee",
      "mode": "managed",
      "type": "github_team_membership",
      "name": "tech_team_maintainer",
      "each": "list",
      "provider": "provider.github",
      "instances": [
        {
          "index_key": 0,
          "schema_version": 0,
          "attributes": {
            "etag": "W/\"854819abb235456c5600b33246f49e72\"",
            "id": "2830432:thomasalanlee",
            "role": "maintainer",
            "team_id": "2830432",
            "username": "thomasalanlee"
          },
          "depends_on": [
            "data.github_team.tech_team"
          ]
        }
      ]
    },
    {
      "module": "module.user_philandstuff",
      "mode": "managed",
      "type": "github_team_membership",
      "name": "tech_team_maintainer",
      "each": "list",
      "provider": "provider.github",
      "instances": []
    },
    {
      "module": "module.user_alexandergeegds",
      "mode": "managed",
      "type": "github_team_membership",
      "name": "tech_team_maintainer",
      "each": "list",
      "provider": "provider.github",
      "instances": []
    },
    {
      "module": "module.user_alex_monk",
      "mode": "managed",
      "type": "github_team_membership",
      "name": "tech_team_maintainer",
      "each": "list",
      "provider": "provider.github",
      "instances": []
    },
    {
      "module": "module.user_jstandring_gds",
      "mode": "managed",
      "type": "github_team_membership",
      "name": "tech_team_maintainer",
      "each": "list",
      "provider": "provider.github",
      "instances": []
    },
    {
      "module": "module.user_tomrosier",
      "mode": "managed",
      "type": "github_team_membership",
      "name": "tech_team_maintainer",
      "each": "list",
      "provider": "provider.github",
      "instances": []
    },
    {
      "module": "module.user_brenetic",
      "mode": "managed",
      "type": "github_team_membership",
      "name": "tech_team_maintainer",
      "each": "list",
      "provider": "provider.github",
      "instances": [
        {
          "index_key": 0,
          "schema_version": 0,
          "attributes": {
            "etag": "W/\"4e65c29bf69e7ab05d5aa486039ad6eb\"",
            "id": "2830432:brenetic",
            "role": "maintainer",
            "team_id": "2830432",
            "username": "brenetic"
          },
          "depends_on": [
            "data.github_team.tech_team"
          ]
        }
      ]
    },
    {
      "module": "module.user_nacnudus",
      "mode": "managed",
      "type": "github_team_membership",
      "name": "tech_team_maintainer",
      "each": "list",
      "provider": "provider.github",
      "instances": []
    },
    {
      "module": "module.user_sakisv",
      "mode": "managed",
      "type": "github_team_membership",
      "name": "tech_team_maintainer",
      "each": "list",
      "provider": "provider.github",
      "instances": []
    },
    {
      "module": "module.user_bjgill",
      "mode": "managed",
      "type": "github_team_membership",
      "name": "tech_team_maintainer",
      "each": "list",
      "provider": "provider.github",
      "instances": []
    },
    {
      "module": "module.user_rhowe_gds",
      "mode": "managed",
      "type": "github_team_membership",
      "name": "tech_team_maintainer",
      "each": "list",
      "provider": "provider.github",
      "instances": []
    },
    {
      "module": "module.user_blairboy362",
      "mode": "managed",
      "type": "github_team_membership",
      "name": "tech_team_maintainer",
      "each": "list",
      "provider": "provider.github",
      "instances": []
    },
    {
      "module": "module.user_todai88",
      "mode": "managed",
      "type": "github_team_membership",
      "name": "tech_team_maintainer",
      "each": "list",
      "provider": "provider.github",
      "instances": []
    },
    {
      "module": "module.user_jhjava",
      "mode": "managed",
      "type": "github_team_membership",
      "name": "tech_team_maintainer",
      "each": "list",
      "provider": "provider.github",
      "instances": [
        {
          "index_key": 0,
          "schema_version": 0,
          "attributes": {
            "etag": "W/\"10ac89125c65d97fd297e9283ec119f1\"",
            "id": "2830432:JHjava",
            "role": "maintainer",
            "team_id": "2830432",
            "username": "JHjava"
          },
          "depends_on": [
            "data.github_team.tech_team"
          ]
        }
      ]
    },
    {
      "module": "module.user_chrisclayson",
      "mode": "managed",
      "type": "github_team_membership",
      "name": "tech_team_maintainer",
      "each": "list",
      "provider": "provider.github",
      "instances": []
    },
    {
      "module": "module.user_rosa_fox",
      "mode": "managed",
      "type": "github_team_membership",
      "name": "tech_team_maintainer",
      "each": "list",
      "provider": "provider.github",
      "instances": []
    },
    {
      "module": "module.user_bravegrape",
      "mode": "managed",
      "type": "github_team_membership",
      "name": "tech_team_maintainer",
      "each": "list",
      "provider": "provider.github",
      "instances": []
    },
    {
      "module": "module.user_mrwilson",
      "mode": "managed",
      "type": "github_team_membership",
      "name": "tech_team_maintainer",
      "each": "list",
      "provider": "provider.github",
      "instances": []
    },
    {
      "module": "module.user_adityapahuja",
      "mode": "managed",
      "type": "github_team_membership",
      "name": "tech_team_maintainer",
      "each": "list",
      "provider": "provider.github",
      "instances": []
    },
    {
      "module": "module.user_j_maynard",
      "mode": "managed",
      "type": "github_team_membership",
      "name": "tech_team_maintainer",
      "each": "list",
      "provider": "provider.github",
      "instances": []
    },
    {
      "module": "module.user_gdsnewt",
      "mode": "managed",
      "type": "github_team_membership",
      "name": "tech_team_maintainer",
      "each": "list",
      "provider": "provider.github",
      "instances": []
    },
    {
      "module": "module.user_kerrr",
      "mode": "managed",
      "type": "github_team_membership",
      "name": "tech_team_maintainer",
      "each": "list",
      "provider": "provider.github",
      "instances": []
    },
    {
      "module": "module.user_idacodacybot",
      "mode": "managed",
      "type": "github_team_membership",
      "name": "tech_team_maintainer",
      "each": "list",
      "provider": "provider.github",
      "instances": []
    },
    {
      "module": "module.user_ronocg",
      "mode": "managed",
      "type": "github_team_membership",
      "name": "tech_team_maintainer",
      "each": "list",
      "provider": "provider.github",
      "instances": []
    },
    {
      "module": "module.user_jakubmiarka",
      "mode": "managed",
      "type": "github_team_membership",
      "name": "tech_team_maintainer",
      "each": "list",
      "provider": "provider.github",
      "instances": [
        {
          "index_key": 0,
          "schema_version": 0,
          "attributes": {
            "etag": "W/\"c19ce353e2ab10934d089c2ee6329b22\"",
            "id": "2830432:jakubmiarka",
            "role": "maintainer",
            "team_id": "2830432",
            "username": "jakubmiarka"
          },
          "depends_on": [
            "data.github_team.tech_team"
          ]
        }
      ]
    },
    {
      "module": "module.user_poveyd",
      "mode": "managed",
      "type": "github_team_membership",
      "name": "tech_team_maintainer",
      "each": "list",
      "provider": "provider.github",
      "instances": []
    },
    {
      "module": "module.user_tlwr",
      "mode": "managed",
      "type": "github_team_membership",
      "name": "tech_team_maintainer",
      "each": "list",
      "provider": "provider.github",
      "instances": []
    },
    {
      "module": "module.user_chrisholmes",
      "mode": "managed",
      "type": "github_team_membership",
      "name": "tech_team_maintainer",
      "each": "list",
      "provider": "provider.github",
      "instances": [
        {
          "index_key": 0,
          "schema_version": 0,
          "attributes": {
            "etag": "W/\"7720ffa6c4b577638d6de3bdf8a96488\"",
            "id": "2830432:chrisholmes",
            "role": "maintainer",
            "team_id": "2830432",
            "username": "chrisholmes"
          },
          "depends_on": [
            "data.github_team.tech_team"
          ]
        }
      ]
    },
    {
      "module": "module.user_mhussein_gds",
      "mode": "managed",
      "type": "github_team_membership",
      "name": "tech_team_maintainer",
      "each": "list",
      "provider": "provider.github",
      "instances": []
    },
    {
      "module": "module.user_ida_build_bot",
      "mode": "managed",
      "type": "github_team_membership",
      "name": "tech_team_maintainer",
      "each": "list",
      "provider": "provider.github",
      "instances": []
    },
    {
      "module": "module.user_idrop",
      "mode": "managed",
      "type": "github_team_membership",
      "name": "tech_team_maintainer",
      "each": "list",
      "provider": "provider.github",
      "instances": []
    },
    {
      "module": "module.user_sarahdean",
      "mode": "managed",
      "type": "github_team_membership",
      "name": "tech_team_maintainer",
      "each": "list",
      "provider": "provider.github",
      "instances": []
    },
    {
      "module": "module.user_mariaslo",
      "mode": "managed",
      "type": "github_team_membership",
      "name": "tech_team_maintainer",
      "each": "list",
      "provider": "provider.github",
      "instances": []
    },
    {
      "module": "module.user_alan_gds",
      "mode": "managed",
      "type": "github_team_membership",
      "name": "tech_team_maintainer",
      "each": "list",
      "provider": "provider.github",
      "instances": []
    },
    {
      "module": "module.user_chris_wynne",
      "mode": "managed",
      "type": "github_team_membership",
      "name": "tech_team_maintainer",
      "each": "list",
      "provider": "provider.github",
      "instances": []
    },
    {
      "module": "module.user_jkunle",
      "mode": "managed",
      "type": "github_team_membership",
      "name": "tech_team_maintainer",
      "each": "list",
      "provider": "provider.github",
      "instances": []
    }
  ]
}
