{
    "version": 3,
    "terraform_version": "0.11.13",
    "serial": 171,
    "lineage": "7069a474-17af-c033-8243-ba2e55487134",
    "modules": [
        {
            "path": [
                "root"
            ],
            "outputs": {},
            "resources": {
                "data.github_team.core": {
                    "type": "github_team",
                    "depends_on": [],
                    "primary": {
                        "id": "2826122",
                        "attributes": {
                            "description": "Verify tech team: verify-tech-team-core",
                            "id": "2826122",
                            "members.#": "30",
                            "members.0": "idrop",
                            "members.1": "46bit",
                            "members.10": "zilnhoj",
                            "members.11": "Todai88",
                            "members.12": "robinmitra",
                            "members.13": "brenetic",
                            "members.14": "nacnudus",
                            "members.15": "CharlesIC",
                            "members.16": "jkunle",
                            "members.17": "sakisv",
                            "members.18": "Rosa-Fox",
                            "members.19": "AnneCarr",
                            "members.2": "galund",
                            "members.20": "ida-build-bot",
                            "members.21": "chrisclayson",
                            "members.22": "blairboy362",
                            "members.23": "Wynndow",
                            "members.24": "andy-paine",
                            "members.25": "tomrosier",
                            "members.26": "bjgill",
                            "members.27": "RacingHippo",
                            "members.28": "bravegrape",
                            "members.29": "mhussein-gds",
                            "members.3": "issyl0",
                            "members.4": "mrwilson",
                            "members.5": "philandstuff",
                            "members.6": "chrisholmes",
                            "members.7": "thomasalanlee",
                            "members.8": "tlwr",
                            "members.9": "kerrr",
                            "name": "verify-tech-team-core",
                            "permission": "pull",
                            "privacy": "closed",
                            "slug": "verify-tech-team-core"
                        },
                        "meta": {},
                        "tainted": false
                    },
                    "deposed": [],
                    "provider": "provider.github"
                },
                "data.github_team.eidas": {
                    "type": "github_team",
                    "depends_on": [],
                    "primary": {
                        "id": "2826126",
                        "attributes": {
                            "description": "Verify tech team: verify-tech-team-eidas",
                            "id": "2826126",
                            "members.#": "13",
                            "members.0": "idrop",
                            "members.1": "chrisholmes",
                            "members.10": "dbes-gds",
                            "members.11": "JohnWattsGDS",
                            "members.12": "ida-codacy-bot",
                            "members.2": "thomasalanlee",
                            "members.3": "CharlesIC",
                            "members.4": "ida-build-bot",
                            "members.5": "blairboy362",
                            "members.6": "Wynndow",
                            "members.7": "tomrosier",
                            "members.8": "benjamin-mortimer",
                            "members.9": "JHjava",
                            "name": "verify-tech-team-eidas",
                            "permission": "pull",
                            "privacy": "closed",
                            "slug": "verify-tech-team-eidas"
                        },
                        "meta": {},
                        "tainted": false
                    },
                    "deposed": [],
                    "provider": "provider.github"
                },
                "data.github_team.infrastructure": {
                    "type": "github_team",
                    "depends_on": [],
                    "primary": {
                        "id": "2826127",
                        "attributes": {
                            "description": "Verify tech team: verify-tech-team-infrastructure",
                            "id": "2826127",
                            "members.#": "16",
                            "members.0": "46bit",
                            "members.1": "issyl0",
                            "members.10": "blairboy362",
                            "members.11": "andy-paine",
                            "members.12": "jstandring-gds",
                            "members.13": "adityapahuja",
                            "members.14": "rhowe-gds",
                            "members.15": "szd55gds",
                            "members.2": "philandstuff",
                            "members.3": "chrisholmes",
                            "members.4": "thomasalanlee",
                            "members.5": "mmhmm",
                            "members.6": "tlwr",
                            "members.7": "sakisv",
                            "members.8": "stephengrier",
                            "members.9": "smford",
                            "name": "verify-tech-team-infrastructure",
                            "permission": "pull",
                            "privacy": "closed",
                            "slug": "verify-tech-team-infrastructure"
                        },
                        "meta": {},
                        "tainted": false
                    },
                    "deposed": [],
                    "provider": "provider.github"
                }
            },
            "depends_on": []
        },
        {
            "path": [
                "root",
                "user_46bit"
            ],
            "outputs": {},
            "resources": {
                "data.github_team.approvers_team": {
                    "type": "github_team",
                    "depends_on": [],
                    "primary": {
                        "id": "3101758",
                        "attributes": {
                            "description": "Verify tech team: verify-tech-team-approvers",
                            "id": "3101758",
                            "members.#": "30",
                            "members.0": "idrop",
                            "members.1": "46bit",
                            "members.10": "robinmitra",
                            "members.11": "brenetic",
                            "members.12": "CharlesIC",
                            "members.13": "sakisv",
                            "members.14": "Rosa-Fox",
                            "members.15": "chrisclayson",
                            "members.16": "smford",
                            "members.17": "blairboy362",
                            "members.18": "Wynndow",
                            "members.19": "andy-paine",
                            "members.2": "galund",
                            "members.20": "tomrosier",
                            "members.21": "bjgill",
                            "members.22": "bravegrape",
                            "members.23": "jstandring-gds",
                            "members.24": "mhussein-gds",
                            "members.25": "adityapahuja",
                            "members.26": "rhowe-gds",
                            "members.27": "AmritSidhu",
                            "members.28": "alan-gds",
                            "members.29": "jakubmiarka",
                            "members.3": "issyl0",
                            "members.4": "philandstuff",
                            "members.5": "chrisholmes",
                            "members.6": "thomasalanlee",
                            "members.7": "mmhmm",
                            "members.8": "tlwr",
                            "members.9": "kerrr",
                            "name": "verify-tech-team-approvers",
                            "permission": "pull",
                            "privacy": "closed",
                            "slug": "verify-tech-team-approvers"
                        },
                        "meta": {},
                        "tainted": false
                    },
                    "deposed": [],
                    "provider": "provider.github"
                },
                "data.github_team.tech_team": {
                    "type": "github_team",
                    "depends_on": [],
                    "primary": {
                        "id": "2830432",
                        "attributes": {
                            "description": "Verify Tech Team",
                            "id": "2830432",
                            "members.#": "30",
                            "members.0": "idrop",
                            "members.1": "46bit",
                            "members.10": "kerrr",
                            "members.11": "zilnhoj",
                            "members.12": "Todai88",
                            "members.13": "robinmitra",
                            "members.14": "brenetic",
                            "members.15": "nacnudus",
                            "members.16": "CharlesIC",
                            "members.17": "jkunle",
                            "members.18": "sakisv",
                            "members.19": "stephengrier",
                            "members.2": "galund",
                            "members.20": "Rosa-Fox",
                            "members.21": "AnneCarr",
                            "members.22": "ida-build-bot",
                            "members.23": "chrisclayson",
                            "members.24": "smford",
                            "members.25": "blairboy362",
                            "members.26": "Wynndow",
                            "members.27": "andy-paine",
                            "members.28": "tomrosier",
                            "members.29": "bjgill",
                            "members.3": "issyl0",
                            "members.4": "mrwilson",
                            "members.5": "philandstuff",
                            "members.6": "chrisholmes",
                            "members.7": "thomasalanlee",
                            "members.8": "mmhmm",
                            "members.9": "tlwr",
                            "name": "verify-tech-team",
                            "permission": "pull",
                            "privacy": "closed",
                            "slug": "verify-tech-team"
                        },
                        "meta": {},
                        "tainted": false
                    },
                    "deposed": [],
                    "provider": "provider.github"
                },
                "github_team_membership.team_membership.0": {
                    "type": "github_team_membership",
                    "depends_on": [],
                    "primary": {
                        "id": "2826122:46bit",
                        "attributes": {
                            "etag": "W/\"8fc8855817f84f643d6a3fc62f0a4565\"",
                            "id": "2826122:46bit",
                            "role": "member",
                            "team_id": "2826122",
                            "username": "46bit"
                        },
                        "meta": {},
                        "tainted": false
                    },
                    "deposed": [],
                    "provider": "provider.github"
                },
                "github_team_membership.team_membership.1": {
                    "type": "github_team_membership",
                    "depends_on": [],
                    "primary": {
                        "id": "2826127:46bit",
                        "attributes": {
                            "etag": "W/\"167917597da42eebea5aac7bd6761e52\"",
                            "id": "2826127:46bit",
                            "role": "member",
                            "team_id": "2826127",
                            "username": "46bit"
                        },
                        "meta": {},
                        "tainted": false
                    },
                    "deposed": [],
                    "provider": "provider.github"
                },
                "github_team_membership.tech_team_approver": {
                    "type": "github_team_membership",
                    "depends_on": [
                        "data.github_team.approvers_team"
                    ],
                    "primary": {
                        "id": "3101758:46bit",
                        "attributes": {
                            "etag": "W/\"e89601b1f4a3b6a1f7f8a9a7f60b6356\"",
                            "id": "3101758:46bit",
                            "role": "member",
                            "team_id": "3101758",
                            "username": "46bit"
                        },
                        "meta": {},
                        "tainted": false
                    },
                    "deposed": [],
                    "provider": "provider.github"
                }
            },
            "depends_on": []
        },
        {
            "path": [
                "root",
                "user_adityapahuja"
            ],
            "outputs": {},
            "resources": {
                "data.github_team.approvers_team": {
                    "type": "github_team",
                    "depends_on": [],
                    "primary": {
                        "id": "3101758",
                        "attributes": {
                            "description": "Verify tech team: verify-tech-team-approvers",
                            "id": "3101758",
                            "members.#": "30",
                            "members.0": "idrop",
                            "members.1": "46bit",
                            "members.10": "robinmitra",
                            "members.11": "brenetic",
                            "members.12": "CharlesIC",
                            "members.13": "sakisv",
                            "members.14": "Rosa-Fox",
                            "members.15": "chrisclayson",
                            "members.16": "smford",
                            "members.17": "blairboy362",
                            "members.18": "Wynndow",
                            "members.19": "andy-paine",
                            "members.2": "galund",
                            "members.20": "tomrosier",
                            "members.21": "bjgill",
                            "members.22": "bravegrape",
                            "members.23": "jstandring-gds",
                            "members.24": "mhussein-gds",
                            "members.25": "adityapahuja",
                            "members.26": "rhowe-gds",
                            "members.27": "AmritSidhu",
                            "members.28": "alan-gds",
                            "members.29": "jakubmiarka",
                            "members.3": "issyl0",
                            "members.4": "philandstuff",
                            "members.5": "chrisholmes",
                            "members.6": "thomasalanlee",
                            "members.7": "mmhmm",
                            "members.8": "tlwr",
                            "members.9": "kerrr",
                            "name": "verify-tech-team-approvers",
                            "permission": "pull",
                            "privacy": "closed",
                            "slug": "verify-tech-team-approvers"
                        },
                        "meta": {},
                        "tainted": false
                    },
                    "deposed": [],
                    "provider": "provider.github"
                },
                "data.github_team.tech_team": {
                    "type": "github_team",
                    "depends_on": [],
                    "primary": {
                        "id": "2830432",
                        "attributes": {
                            "description": "Verify Tech Team",
                            "id": "2830432",
                            "members.#": "30",
                            "members.0": "idrop",
                            "members.1": "46bit",
                            "members.10": "kerrr",
                            "members.11": "zilnhoj",
                            "members.12": "Todai88",
                            "members.13": "robinmitra",
                            "members.14": "brenetic",
                            "members.15": "nacnudus",
                            "members.16": "CharlesIC",
                            "members.17": "jkunle",
                            "members.18": "sakisv",
                            "members.19": "stephengrier",
                            "members.2": "galund",
                            "members.20": "Rosa-Fox",
                            "members.21": "AnneCarr",
                            "members.22": "ida-build-bot",
                            "members.23": "chrisclayson",
                            "members.24": "smford",
                            "members.25": "blairboy362",
                            "members.26": "Wynndow",
                            "members.27": "andy-paine",
                            "members.28": "tomrosier",
                            "members.29": "bjgill",
                            "members.3": "issyl0",
                            "members.4": "mrwilson",
                            "members.5": "philandstuff",
                            "members.6": "chrisholmes",
                            "members.7": "thomasalanlee",
                            "members.8": "mmhmm",
                            "members.9": "tlwr",
                            "name": "verify-tech-team",
                            "permission": "pull",
                            "privacy": "closed",
                            "slug": "verify-tech-team"
                        },
                        "meta": {},
                        "tainted": false
                    },
                    "deposed": [],
                    "provider": "provider.github"
                },
                "github_team_membership.team_membership.0": {
                    "type": "github_team_membership",
                    "depends_on": [],
                    "primary": {
                        "id": "2826122:adityapahuja",
                        "attributes": {
                            "etag": "W/\"ea62d813892e647d8b6f03d388fdbba2\"",
                            "id": "2826122:adityapahuja",
                            "role": "member",
                            "team_id": "2826122",
                            "username": "adityapahuja"
                        },
                        "meta": {},
                        "tainted": false
                    },
                    "deposed": [],
                    "provider": "provider.github"
                },
                "github_team_membership.team_membership.1": {
                    "type": "github_team_membership",
                    "depends_on": [],
                    "primary": {
                        "id": "2826127:adityapahuja",
                        "attributes": {
                            "etag": "W/\"9a104905d1049d93f317da8d20da325d\"",
                            "id": "2826127:adityapahuja",
                            "role": "member",
                            "team_id": "2826127",
                            "username": "adityapahuja"
                        },
                        "meta": {},
                        "tainted": false
                    },
                    "deposed": [],
                    "provider": "provider.github"
                },
                "github_team_membership.tech_team_approver": {
                    "type": "github_team_membership",
                    "depends_on": [
                        "data.github_team.approvers_team"
                    ],
                    "primary": {
                        "id": "3101758:adityapahuja",
                        "attributes": {
                            "etag": "W/\"1a901414916a3a02394e7c6b0832a592\"",
                            "id": "3101758:adityapahuja",
                            "role": "member",
                            "team_id": "3101758",
                            "username": "adityapahuja"
                        },
                        "meta": {},
                        "tainted": false
                    },
                    "deposed": [],
                    "provider": "provider.github"
                }
            },
            "depends_on": []
        },
        {
            "path": [
                "root",
                "user_alan_gds"
            ],
            "outputs": {},
            "resources": {
                "data.github_team.approvers_team": {
                    "type": "github_team",
                    "depends_on": [],
                    "primary": {
                        "id": "3101758",
                        "attributes": {
                            "description": "Verify tech team: verify-tech-team-approvers",
                            "id": "3101758",
                            "members.#": "30",
                            "members.0": "idrop",
                            "members.1": "46bit",
                            "members.10": "robinmitra",
                            "members.11": "brenetic",
                            "members.12": "CharlesIC",
                            "members.13": "sakisv",
                            "members.14": "Rosa-Fox",
                            "members.15": "chrisclayson",
                            "members.16": "smford",
                            "members.17": "blairboy362",
                            "members.18": "Wynndow",
                            "members.19": "andy-paine",
                            "members.2": "galund",
                            "members.20": "tomrosier",
                            "members.21": "bjgill",
                            "members.22": "bravegrape",
                            "members.23": "jstandring-gds",
                            "members.24": "mhussein-gds",
                            "members.25": "adityapahuja",
                            "members.26": "rhowe-gds",
                            "members.27": "AmritSidhu",
                            "members.28": "alan-gds",
                            "members.29": "jakubmiarka",
                            "members.3": "issyl0",
                            "members.4": "philandstuff",
                            "members.5": "chrisholmes",
                            "members.6": "thomasalanlee",
                            "members.7": "mmhmm",
                            "members.8": "tlwr",
                            "members.9": "kerrr",
                            "name": "verify-tech-team-approvers",
                            "permission": "pull",
                            "privacy": "closed",
                            "slug": "verify-tech-team-approvers"
                        },
                        "meta": {},
                        "tainted": false
                    },
                    "deposed": [],
                    "provider": "provider.github"
                },
                "data.github_team.tech_team": {
                    "type": "github_team",
                    "depends_on": [],
                    "primary": {
                        "id": "2830432",
                        "attributes": {
                            "description": "Verify Tech Team",
                            "id": "2830432",
                            "members.#": "30",
                            "members.0": "idrop",
                            "members.1": "46bit",
                            "members.10": "kerrr",
                            "members.11": "zilnhoj",
                            "members.12": "Todai88",
                            "members.13": "robinmitra",
                            "members.14": "brenetic",
                            "members.15": "nacnudus",
                            "members.16": "CharlesIC",
                            "members.17": "jkunle",
                            "members.18": "sakisv",
                            "members.19": "stephengrier",
                            "members.2": "galund",
                            "members.20": "Rosa-Fox",
                            "members.21": "AnneCarr",
                            "members.22": "ida-build-bot",
                            "members.23": "chrisclayson",
                            "members.24": "smford",
                            "members.25": "blairboy362",
                            "members.26": "Wynndow",
                            "members.27": "andy-paine",
                            "members.28": "tomrosier",
                            "members.29": "bjgill",
                            "members.3": "issyl0",
                            "members.4": "mrwilson",
                            "members.5": "philandstuff",
                            "members.6": "chrisholmes",
                            "members.7": "thomasalanlee",
                            "members.8": "mmhmm",
                            "members.9": "tlwr",
                            "name": "verify-tech-team",
                            "permission": "pull",
                            "privacy": "closed",
                            "slug": "verify-tech-team"
                        },
                        "meta": {},
                        "tainted": false
                    },
                    "deposed": [],
                    "provider": "provider.github"
                },
                "github_team_membership.team_membership": {
                    "type": "github_team_membership",
                    "depends_on": [],
                    "primary": {
                        "id": "2826122:alan-gds",
                        "attributes": {
                            "etag": "W/\"9ddc7c5641799c1fdc2cb471f1e56005\"",
                            "id": "2826122:alan-gds",
                            "role": "member",
                            "team_id": "2826122",
                            "username": "alan-gds"
                        },
                        "meta": {},
                        "tainted": false
                    },
                    "deposed": [],
                    "provider": "provider.github"
                },
                "github_team_membership.tech_team_approver": {
                    "type": "github_team_membership",
                    "depends_on": [
                        "data.github_team.approvers_team"
                    ],
                    "primary": {
                        "id": "3101758:alan-gds",
                        "attributes": {
                            "etag": "W/\"cef5166afb7c4f4b7098082d46259e7d\"",
                            "id": "3101758:alan-gds",
                            "role": "member",
                            "team_id": "3101758",
                            "username": "alan-gds"
                        },
                        "meta": {},
                        "tainted": false
                    },
                    "deposed": [],
                    "provider": "provider.github"
                }
            },
            "depends_on": []
        },
        {
            "path": [
                "root",
                "user_alexandergeegds"
            ],
            "outputs": {},
            "resources": {
                "data.github_team.approvers_team": {
                    "type": "github_team",
                    "depends_on": [],
                    "primary": {
                        "id": "3101758",
                        "attributes": {
                            "description": "Verify tech team: verify-tech-team-approvers",
                            "id": "3101758",
                            "members.#": "30",
                            "members.0": "idrop",
                            "members.1": "46bit",
                            "members.10": "robinmitra",
                            "members.11": "brenetic",
                            "members.12": "CharlesIC",
                            "members.13": "sakisv",
                            "members.14": "Rosa-Fox",
                            "members.15": "chrisclayson",
                            "members.16": "smford",
                            "members.17": "blairboy362",
                            "members.18": "Wynndow",
                            "members.19": "andy-paine",
                            "members.2": "galund",
                            "members.20": "tomrosier",
                            "members.21": "bjgill",
                            "members.22": "bravegrape",
                            "members.23": "jstandring-gds",
                            "members.24": "mhussein-gds",
                            "members.25": "adityapahuja",
                            "members.26": "rhowe-gds",
                            "members.27": "AmritSidhu",
                            "members.28": "alan-gds",
                            "members.29": "jakubmiarka",
                            "members.3": "issyl0",
                            "members.4": "philandstuff",
                            "members.5": "chrisholmes",
                            "members.6": "thomasalanlee",
                            "members.7": "mmhmm",
                            "members.8": "tlwr",
                            "members.9": "kerrr",
                            "name": "verify-tech-team-approvers",
                            "permission": "pull",
                            "privacy": "closed",
                            "slug": "verify-tech-team-approvers"
                        },
                        "meta": {},
                        "tainted": false
                    },
                    "deposed": [],
                    "provider": "provider.github"
                },
                "data.github_team.tech_team": {
                    "type": "github_team",
                    "depends_on": [],
                    "primary": {
                        "id": "2830432",
                        "attributes": {
                            "description": "Verify Tech Team",
                            "id": "2830432",
                            "members.#": "30",
                            "members.0": "idrop",
                            "members.1": "46bit",
                            "members.10": "kerrr",
                            "members.11": "zilnhoj",
                            "members.12": "Todai88",
                            "members.13": "robinmitra",
                            "members.14": "brenetic",
                            "members.15": "nacnudus",
                            "members.16": "CharlesIC",
                            "members.17": "jkunle",
                            "members.18": "sakisv",
                            "members.19": "stephengrier",
                            "members.2": "galund",
                            "members.20": "Rosa-Fox",
                            "members.21": "AnneCarr",
                            "members.22": "ida-build-bot",
                            "members.23": "chrisclayson",
                            "members.24": "smford",
                            "members.25": "blairboy362",
                            "members.26": "Wynndow",
                            "members.27": "andy-paine",
                            "members.28": "tomrosier",
                            "members.29": "bjgill",
                            "members.3": "issyl0",
                            "members.4": "mrwilson",
                            "members.5": "philandstuff",
                            "members.6": "chrisholmes",
                            "members.7": "thomasalanlee",
                            "members.8": "mmhmm",
                            "members.9": "tlwr",
                            "name": "verify-tech-team",
                            "permission": "pull",
                            "privacy": "closed",
                            "slug": "verify-tech-team"
                        },
                        "meta": {},
                        "tainted": false
                    },
                    "deposed": [],
                    "provider": "provider.github"
                },
                "github_team_membership.team_membership": {
                    "type": "github_team_membership",
                    "depends_on": [],
                    "primary": {
                        "id": "2826122:alexandergeegds",
                        "attributes": {
                            "etag": "W/\"41d0f34e0665cdfc7537074617adb8d0\"",
                            "id": "2826122:alexandergeegds",
                            "role": "member",
                            "team_id": "2826122",
                            "username": "alexandergeegds"
                        },
                        "meta": {},
                        "tainted": false
                    },
                    "deposed": [],
                    "provider": "provider.github"
                }
            },
            "depends_on": []
        },
        {
            "path": [
                "root",
                "user_amritsidhu"
            ],
            "outputs": {},
            "resources": {
                "data.github_team.approvers_team": {
                    "type": "github_team",
                    "depends_on": [],
                    "primary": {
                        "id": "3101758",
                        "attributes": {
                            "description": "Verify tech team: verify-tech-team-approvers",
                            "id": "3101758",
                            "members.#": "30",
                            "members.0": "idrop",
                            "members.1": "46bit",
                            "members.10": "robinmitra",
                            "members.11": "brenetic",
                            "members.12": "CharlesIC",
                            "members.13": "sakisv",
                            "members.14": "Rosa-Fox",
                            "members.15": "chrisclayson",
                            "members.16": "smford",
                            "members.17": "blairboy362",
                            "members.18": "Wynndow",
                            "members.19": "andy-paine",
                            "members.2": "galund",
                            "members.20": "tomrosier",
                            "members.21": "bjgill",
                            "members.22": "bravegrape",
                            "members.23": "jstandring-gds",
                            "members.24": "mhussein-gds",
                            "members.25": "adityapahuja",
                            "members.26": "rhowe-gds",
                            "members.27": "AmritSidhu",
                            "members.28": "alan-gds",
                            "members.29": "jakubmiarka",
                            "members.3": "issyl0",
                            "members.4": "philandstuff",
                            "members.5": "chrisholmes",
                            "members.6": "thomasalanlee",
                            "members.7": "mmhmm",
                            "members.8": "tlwr",
                            "members.9": "kerrr",
                            "name": "verify-tech-team-approvers",
                            "permission": "pull",
                            "privacy": "closed",
                            "slug": "verify-tech-team-approvers"
                        },
                        "meta": {},
                        "tainted": false
                    },
                    "deposed": [],
                    "provider": "provider.github"
                },
                "data.github_team.tech_team": {
                    "type": "github_team",
                    "depends_on": [],
                    "primary": {
                        "id": "2830432",
                        "attributes": {
                            "description": "Verify Tech Team",
                            "id": "2830432",
                            "members.#": "30",
                            "members.0": "idrop",
                            "members.1": "46bit",
                            "members.10": "kerrr",
                            "members.11": "zilnhoj",
                            "members.12": "Todai88",
                            "members.13": "robinmitra",
                            "members.14": "brenetic",
                            "members.15": "nacnudus",
                            "members.16": "CharlesIC",
                            "members.17": "jkunle",
                            "members.18": "sakisv",
                            "members.19": "stephengrier",
                            "members.2": "galund",
                            "members.20": "Rosa-Fox",
                            "members.21": "AnneCarr",
                            "members.22": "ida-build-bot",
                            "members.23": "chrisclayson",
                            "members.24": "smford",
                            "members.25": "blairboy362",
                            "members.26": "Wynndow",
                            "members.27": "andy-paine",
                            "members.28": "tomrosier",
                            "members.29": "bjgill",
                            "members.3": "issyl0",
                            "members.4": "mrwilson",
                            "members.5": "philandstuff",
                            "members.6": "chrisholmes",
                            "members.7": "thomasalanlee",
                            "members.8": "mmhmm",
                            "members.9": "tlwr",
                            "name": "verify-tech-team",
                            "permission": "pull",
                            "privacy": "closed",
                            "slug": "verify-tech-team"
                        },
                        "meta": {},
                        "tainted": false
                    },
                    "deposed": [],
                    "provider": "provider.github"
                },
                "github_team_membership.team_membership": {
                    "type": "github_team_membership",
                    "depends_on": [],
                    "primary": {
                        "id": "2826122:AmritSidhu",
                        "attributes": {
                            "etag": "W/\"a1d96511fbc0e0c3bd32750856f634ae\"",
                            "id": "2826122:AmritSidhu",
                            "role": "member",
                            "team_id": "2826122",
                            "username": "AmritSidhu"
                        },
                        "meta": {},
                        "tainted": false
                    },
                    "deposed": [],
                    "provider": "provider.github"
                },
                "github_team_membership.tech_team_approver": {
                    "type": "github_team_membership",
                    "depends_on": [
                        "data.github_team.approvers_team"
                    ],
                    "primary": {
                        "id": "3101758:AmritSidhu",
                        "attributes": {
                            "etag": "W/\"b723ba82380b20a24df9f40981b51540\"",
                            "id": "3101758:AmritSidhu",
                            "role": "member",
                            "team_id": "3101758",
                            "username": "AmritSidhu"
                        },
                        "meta": {},
                        "tainted": false
                    },
                    "deposed": [],
                    "provider": "provider.github"
                }
            },
            "depends_on": []
        },
        {
            "path": [
                "root",
                "user_andy_paine"
            ],
            "outputs": {},
            "resources": {
                "data.github_team.approvers_team": {
                    "type": "github_team",
                    "depends_on": [],
                    "primary": {
                        "id": "3101758",
                        "attributes": {
                            "description": "Verify tech team: verify-tech-team-approvers",
                            "id": "3101758",
                            "members.#": "30",
                            "members.0": "idrop",
                            "members.1": "46bit",
                            "members.10": "robinmitra",
                            "members.11": "brenetic",
                            "members.12": "CharlesIC",
                            "members.13": "sakisv",
                            "members.14": "Rosa-Fox",
                            "members.15": "chrisclayson",
                            "members.16": "smford",
                            "members.17": "blairboy362",
                            "members.18": "Wynndow",
                            "members.19": "andy-paine",
                            "members.2": "galund",
                            "members.20": "tomrosier",
                            "members.21": "bjgill",
                            "members.22": "bravegrape",
                            "members.23": "jstandring-gds",
                            "members.24": "mhussein-gds",
                            "members.25": "adityapahuja",
                            "members.26": "rhowe-gds",
                            "members.27": "AmritSidhu",
                            "members.28": "alan-gds",
                            "members.29": "jakubmiarka",
                            "members.3": "issyl0",
                            "members.4": "philandstuff",
                            "members.5": "chrisholmes",
                            "members.6": "thomasalanlee",
                            "members.7": "mmhmm",
                            "members.8": "tlwr",
                            "members.9": "kerrr",
                            "name": "verify-tech-team-approvers",
                            "permission": "pull",
                            "privacy": "closed",
                            "slug": "verify-tech-team-approvers"
                        },
                        "meta": {},
                        "tainted": false
                    },
                    "deposed": [],
                    "provider": "provider.github"
                },
                "data.github_team.tech_team": {
                    "type": "github_team",
                    "depends_on": [],
                    "primary": {
                        "id": "2830432",
                        "attributes": {
                            "description": "Verify Tech Team",
                            "id": "2830432",
                            "members.#": "30",
                            "members.0": "idrop",
                            "members.1": "46bit",
                            "members.10": "kerrr",
                            "members.11": "zilnhoj",
                            "members.12": "Todai88",
                            "members.13": "robinmitra",
                            "members.14": "brenetic",
                            "members.15": "nacnudus",
                            "members.16": "CharlesIC",
                            "members.17": "jkunle",
                            "members.18": "sakisv",
                            "members.19": "stephengrier",
                            "members.2": "galund",
                            "members.20": "Rosa-Fox",
                            "members.21": "AnneCarr",
                            "members.22": "ida-build-bot",
                            "members.23": "chrisclayson",
                            "members.24": "smford",
                            "members.25": "blairboy362",
                            "members.26": "Wynndow",
                            "members.27": "andy-paine",
                            "members.28": "tomrosier",
                            "members.29": "bjgill",
                            "members.3": "issyl0",
                            "members.4": "mrwilson",
                            "members.5": "philandstuff",
                            "members.6": "chrisholmes",
                            "members.7": "thomasalanlee",
                            "members.8": "mmhmm",
                            "members.9": "tlwr",
                            "name": "verify-tech-team",
                            "permission": "pull",
                            "privacy": "closed",
                            "slug": "verify-tech-team"
                        },
                        "meta": {},
                        "tainted": false
                    },
                    "deposed": [],
                    "provider": "provider.github"
                },
                "github_team_membership.team_membership.0": {
                    "type": "github_team_membership",
                    "depends_on": [],
                    "primary": {
                        "id": "2826122:andy-paine",
                        "attributes": {
                            "etag": "W/\"ec2ae66a462d1199b324480bcb3b277f\"",
                            "id": "2826122:andy-paine",
                            "role": "member",
                            "team_id": "2826122",
                            "username": "andy-paine"
                        },
                        "meta": {},
                        "tainted": false
                    },
                    "deposed": [],
                    "provider": "provider.github"
                },
                "github_team_membership.team_membership.1": {
                    "type": "github_team_membership",
                    "depends_on": [],
                    "primary": {
                        "id": "2826127:andy-paine",
                        "attributes": {
                            "etag": "W/\"2afd17ee648eb3c67262acab77582344\"",
                            "id": "2826127:andy-paine",
                            "role": "member",
                            "team_id": "2826127",
                            "username": "andy-paine"
                        },
                        "meta": {},
                        "tainted": false
                    },
                    "deposed": [],
                    "provider": "provider.github"
                },
                "github_team_membership.tech_team_approver": {
                    "type": "github_team_membership",
                    "depends_on": [
                        "data.github_team.approvers_team"
                    ],
                    "primary": {
                        "id": "3101758:andy-paine",
                        "attributes": {
                            "etag": "W/\"4f2adef306694643507f19350bd55770\"",
                            "id": "3101758:andy-paine",
                            "role": "member",
                            "team_id": "3101758",
                            "username": "andy-paine"
                        },
                        "meta": {},
                        "tainted": false
                    },
                    "deposed": [],
                    "provider": "provider.github"
                }
            },
            "depends_on": []
        },
        {
            "path": [
                "root",
                "user_annecarr"
            ],
            "outputs": {},
            "resources": {
                "data.github_team.approvers_team": {
                    "type": "github_team",
                    "depends_on": [],
                    "primary": {
                        "id": "3101758",
                        "attributes": {
                            "description": "Verify tech team: verify-tech-team-approvers",
                            "id": "3101758",
                            "members.#": "30",
                            "members.0": "idrop",
                            "members.1": "46bit",
                            "members.10": "robinmitra",
                            "members.11": "brenetic",
                            "members.12": "CharlesIC",
                            "members.13": "sakisv",
                            "members.14": "Rosa-Fox",
                            "members.15": "chrisclayson",
                            "members.16": "smford",
                            "members.17": "blairboy362",
                            "members.18": "Wynndow",
                            "members.19": "andy-paine",
                            "members.2": "galund",
                            "members.20": "tomrosier",
                            "members.21": "bjgill",
                            "members.22": "bravegrape",
                            "members.23": "jstandring-gds",
                            "members.24": "mhussein-gds",
                            "members.25": "adityapahuja",
                            "members.26": "rhowe-gds",
                            "members.27": "AmritSidhu",
                            "members.28": "alan-gds",
                            "members.29": "jakubmiarka",
                            "members.3": "issyl0",
                            "members.4": "philandstuff",
                            "members.5": "chrisholmes",
                            "members.6": "thomasalanlee",
                            "members.7": "mmhmm",
                            "members.8": "tlwr",
                            "members.9": "kerrr",
                            "name": "verify-tech-team-approvers",
                            "permission": "pull",
                            "privacy": "closed",
                            "slug": "verify-tech-team-approvers"
                        },
                        "meta": {},
                        "tainted": false
                    },
                    "deposed": [],
                    "provider": "provider.github"
                },
                "data.github_team.tech_team": {
                    "type": "github_team",
                    "depends_on": [],
                    "primary": {
                        "id": "2830432",
                        "attributes": {
                            "description": "Verify Tech Team",
                            "id": "2830432",
                            "members.#": "30",
                            "members.0": "idrop",
                            "members.1": "46bit",
                            "members.10": "kerrr",
                            "members.11": "zilnhoj",
                            "members.12": "Todai88",
                            "members.13": "robinmitra",
                            "members.14": "brenetic",
                            "members.15": "nacnudus",
                            "members.16": "CharlesIC",
                            "members.17": "jkunle",
                            "members.18": "sakisv",
                            "members.19": "stephengrier",
                            "members.2": "galund",
                            "members.20": "Rosa-Fox",
                            "members.21": "AnneCarr",
                            "members.22": "ida-build-bot",
                            "members.23": "chrisclayson",
                            "members.24": "smford",
                            "members.25": "blairboy362",
                            "members.26": "Wynndow",
                            "members.27": "andy-paine",
                            "members.28": "tomrosier",
                            "members.29": "bjgill",
                            "members.3": "issyl0",
                            "members.4": "mrwilson",
                            "members.5": "philandstuff",
                            "members.6": "chrisholmes",
                            "members.7": "thomasalanlee",
                            "members.8": "mmhmm",
                            "members.9": "tlwr",
                            "name": "verify-tech-team",
                            "permission": "pull",
                            "privacy": "closed",
                            "slug": "verify-tech-team"
                        },
                        "meta": {},
                        "tainted": false
                    },
                    "deposed": [],
                    "provider": "provider.github"
                },
                "github_team_membership.team_membership": {
                    "type": "github_team_membership",
                    "depends_on": [],
                    "primary": {
                        "id": "2826122:AnneCarr",
                        "attributes": {
                            "etag": "W/\"63faa3c5839d6adcdebc7f14dc2cfff0\"",
                            "id": "2826122:AnneCarr",
                            "role": "member",
                            "team_id": "2826122",
                            "username": "AnneCarr"
                        },
                        "meta": {},
                        "tainted": false
                    },
                    "deposed": [],
                    "provider": "provider.github"
                }
            },
            "depends_on": []
        },
        {
            "path": [
                "root",
                "user_benjamin_mortimer"
            ],
            "outputs": {},
            "resources": {
                "data.github_team.approvers_team": {
                    "type": "github_team",
                    "depends_on": [],
                    "primary": {
                        "id": "3101758",
                        "attributes": {
                            "description": "Verify tech team: verify-tech-team-approvers",
                            "id": "3101758",
                            "members.#": "30",
                            "members.0": "idrop",
                            "members.1": "46bit",
                            "members.10": "robinmitra",
                            "members.11": "brenetic",
                            "members.12": "CharlesIC",
                            "members.13": "sakisv",
                            "members.14": "Rosa-Fox",
                            "members.15": "chrisclayson",
                            "members.16": "smford",
                            "members.17": "blairboy362",
                            "members.18": "Wynndow",
                            "members.19": "andy-paine",
                            "members.2": "galund",
                            "members.20": "tomrosier",
                            "members.21": "bjgill",
                            "members.22": "bravegrape",
                            "members.23": "jstandring-gds",
                            "members.24": "mhussein-gds",
                            "members.25": "adityapahuja",
                            "members.26": "rhowe-gds",
                            "members.27": "AmritSidhu",
                            "members.28": "alan-gds",
                            "members.29": "jakubmiarka",
                            "members.3": "issyl0",
                            "members.4": "philandstuff",
                            "members.5": "chrisholmes",
                            "members.6": "thomasalanlee",
                            "members.7": "mmhmm",
                            "members.8": "tlwr",
                            "members.9": "kerrr",
                            "name": "verify-tech-team-approvers",
                            "permission": "pull",
                            "privacy": "closed",
                            "slug": "verify-tech-team-approvers"
                        },
                        "meta": {},
                        "tainted": false
                    },
                    "deposed": [],
                    "provider": "provider.github"
                },
                "data.github_team.tech_team": {
                    "type": "github_team",
                    "depends_on": [],
                    "primary": {
                        "id": "2830432",
                        "attributes": {
                            "description": "Verify Tech Team",
                            "id": "2830432",
                            "members.#": "30",
                            "members.0": "idrop",
                            "members.1": "46bit",
                            "members.10": "kerrr",
                            "members.11": "zilnhoj",
                            "members.12": "Todai88",
                            "members.13": "robinmitra",
                            "members.14": "brenetic",
                            "members.15": "nacnudus",
                            "members.16": "CharlesIC",
                            "members.17": "jkunle",
                            "members.18": "sakisv",
                            "members.19": "stephengrier",
                            "members.2": "galund",
                            "members.20": "Rosa-Fox",
                            "members.21": "AnneCarr",
                            "members.22": "ida-build-bot",
                            "members.23": "chrisclayson",
                            "members.24": "smford",
                            "members.25": "blairboy362",
                            "members.26": "Wynndow",
                            "members.27": "andy-paine",
                            "members.28": "tomrosier",
                            "members.29": "bjgill",
                            "members.3": "issyl0",
                            "members.4": "mrwilson",
                            "members.5": "philandstuff",
                            "members.6": "chrisholmes",
                            "members.7": "thomasalanlee",
                            "members.8": "mmhmm",
                            "members.9": "tlwr",
                            "name": "verify-tech-team",
                            "permission": "pull",
                            "privacy": "closed",
                            "slug": "verify-tech-team"
                        },
                        "meta": {},
                        "tainted": false
                    },
                    "deposed": [],
                    "provider": "provider.github"
                },
                "github_team_membership.team_membership.0": {
                    "type": "github_team_membership",
                    "depends_on": [],
                    "primary": {
                        "id": "2826122:benjamin-mortimer",
                        "attributes": {
                            "etag": "W/\"df17387043ac0808008fe07c7b61c795\"",
                            "id": "2826122:benjamin-mortimer",
                            "role": "member",
                            "team_id": "2826122",
                            "username": "benjamin-mortimer"
                        },
                        "meta": {},
                        "tainted": false
                    },
                    "deposed": [],
                    "provider": "provider.github"
                },
                "github_team_membership.team_membership.1": {
                    "type": "github_team_membership",
                    "depends_on": [],
                    "primary": {
                        "id": "2826126:benjamin-mortimer",
                        "attributes": {
                            "etag": "W/\"a2edc92cc9a85c75ba00032025a478c8\"",
                            "id": "2826126:benjamin-mortimer",
                            "role": "member",
                            "team_id": "2826126",
                            "username": "benjamin-mortimer"
                        },
                        "meta": {},
                        "tainted": false
                    },
                    "deposed": [],
                    "provider": "provider.github"
                }
            },
            "depends_on": []
        },
        {
            "path": [
                "root",
                "user_bjgill"
            ],
            "outputs": {},
            "resources": {
                "data.github_team.approvers_team": {
                    "type": "github_team",
                    "depends_on": [],
                    "primary": {
                        "id": "3101758",
                        "attributes": {
                            "description": "Verify tech team: verify-tech-team-approvers",
                            "id": "3101758",
                            "members.#": "30",
                            "members.0": "idrop",
                            "members.1": "46bit",
                            "members.10": "robinmitra",
                            "members.11": "brenetic",
                            "members.12": "CharlesIC",
                            "members.13": "sakisv",
                            "members.14": "Rosa-Fox",
                            "members.15": "chrisclayson",
                            "members.16": "smford",
                            "members.17": "blairboy362",
                            "members.18": "Wynndow",
                            "members.19": "andy-paine",
                            "members.2": "galund",
                            "members.20": "tomrosier",
                            "members.21": "bjgill",
                            "members.22": "bravegrape",
                            "members.23": "jstandring-gds",
                            "members.24": "mhussein-gds",
                            "members.25": "adityapahuja",
                            "members.26": "rhowe-gds",
                            "members.27": "AmritSidhu",
                            "members.28": "alan-gds",
                            "members.29": "jakubmiarka",
                            "members.3": "issyl0",
                            "members.4": "philandstuff",
                            "members.5": "chrisholmes",
                            "members.6": "thomasalanlee",
                            "members.7": "mmhmm",
                            "members.8": "tlwr",
                            "members.9": "kerrr",
                            "name": "verify-tech-team-approvers",
                            "permission": "pull",
                            "privacy": "closed",
                            "slug": "verify-tech-team-approvers"
                        },
                        "meta": {},
                        "tainted": false
                    },
                    "deposed": [],
                    "provider": "provider.github"
                },
                "data.github_team.tech_team": {
                    "type": "github_team",
                    "depends_on": [],
                    "primary": {
                        "id": "2830432",
                        "attributes": {
                            "description": "Verify Tech Team",
                            "id": "2830432",
                            "members.#": "30",
                            "members.0": "idrop",
                            "members.1": "46bit",
                            "members.10": "kerrr",
                            "members.11": "zilnhoj",
                            "members.12": "Todai88",
                            "members.13": "robinmitra",
                            "members.14": "brenetic",
                            "members.15": "nacnudus",
                            "members.16": "CharlesIC",
                            "members.17": "jkunle",
                            "members.18": "sakisv",
                            "members.19": "stephengrier",
                            "members.2": "galund",
                            "members.20": "Rosa-Fox",
                            "members.21": "AnneCarr",
                            "members.22": "ida-build-bot",
                            "members.23": "chrisclayson",
                            "members.24": "smford",
                            "members.25": "blairboy362",
                            "members.26": "Wynndow",
                            "members.27": "andy-paine",
                            "members.28": "tomrosier",
                            "members.29": "bjgill",
                            "members.3": "issyl0",
                            "members.4": "mrwilson",
                            "members.5": "philandstuff",
                            "members.6": "chrisholmes",
                            "members.7": "thomasalanlee",
                            "members.8": "mmhmm",
                            "members.9": "tlwr",
                            "name": "verify-tech-team",
                            "permission": "pull",
                            "privacy": "closed",
                            "slug": "verify-tech-team"
                        },
                        "meta": {},
                        "tainted": false
                    },
                    "deposed": [],
                    "provider": "provider.github"
                },
                "github_team_membership.team_membership": {
                    "type": "github_team_membership",
                    "depends_on": [],
                    "primary": {
                        "id": "2826122:bjgill",
                        "attributes": {
                            "etag": "W/\"e2c1103984a153b66bbb451a916f3ce7\"",
                            "id": "2826122:bjgill",
                            "role": "member",
                            "team_id": "2826122",
                            "username": "bjgill"
                        },
                        "meta": {},
                        "tainted": false
                    },
                    "deposed": [],
                    "provider": "provider.github"
                },
                "github_team_membership.tech_team_approver": {
                    "type": "github_team_membership",
                    "depends_on": [
                        "data.github_team.approvers_team"
                    ],
                    "primary": {
                        "id": "3101758:bjgill",
                        "attributes": {
                            "etag": "W/\"07f71cd2fb131bc8a64408420a20d062\"",
                            "id": "3101758:bjgill",
                            "role": "member",
                            "team_id": "3101758",
                            "username": "bjgill"
                        },
                        "meta": {},
                        "tainted": false
                    },
                    "deposed": [],
                    "provider": "provider.github"
                }
            },
            "depends_on": []
        },
        {
            "path": [
                "root",
                "user_blairboy362"
            ],
            "outputs": {},
            "resources": {
                "data.github_team.approvers_team": {
                    "type": "github_team",
                    "depends_on": [],
                    "primary": {
                        "id": "3101758",
                        "attributes": {
                            "description": "Verify tech team: verify-tech-team-approvers",
                            "id": "3101758",
                            "members.#": "30",
                            "members.0": "idrop",
                            "members.1": "46bit",
                            "members.10": "robinmitra",
                            "members.11": "brenetic",
                            "members.12": "CharlesIC",
                            "members.13": "sakisv",
                            "members.14": "Rosa-Fox",
                            "members.15": "chrisclayson",
                            "members.16": "smford",
                            "members.17": "blairboy362",
                            "members.18": "Wynndow",
                            "members.19": "andy-paine",
                            "members.2": "galund",
                            "members.20": "tomrosier",
                            "members.21": "bjgill",
                            "members.22": "bravegrape",
                            "members.23": "jstandring-gds",
                            "members.24": "mhussein-gds",
                            "members.25": "adityapahuja",
                            "members.26": "rhowe-gds",
                            "members.27": "AmritSidhu",
                            "members.28": "alan-gds",
                            "members.29": "jakubmiarka",
                            "members.3": "issyl0",
                            "members.4": "philandstuff",
                            "members.5": "chrisholmes",
                            "members.6": "thomasalanlee",
                            "members.7": "mmhmm",
                            "members.8": "tlwr",
                            "members.9": "kerrr",
                            "name": "verify-tech-team-approvers",
                            "permission": "pull",
                            "privacy": "closed",
                            "slug": "verify-tech-team-approvers"
                        },
                        "meta": {},
                        "tainted": false
                    },
                    "deposed": [],
                    "provider": "provider.github"
                },
                "data.github_team.tech_team": {
                    "type": "github_team",
                    "depends_on": [],
                    "primary": {
                        "id": "2830432",
                        "attributes": {
                            "description": "Verify Tech Team",
                            "id": "2830432",
                            "members.#": "30",
                            "members.0": "idrop",
                            "members.1": "46bit",
                            "members.10": "kerrr",
                            "members.11": "zilnhoj",
                            "members.12": "Todai88",
                            "members.13": "robinmitra",
                            "members.14": "brenetic",
                            "members.15": "nacnudus",
                            "members.16": "CharlesIC",
                            "members.17": "jkunle",
                            "members.18": "sakisv",
                            "members.19": "stephengrier",
                            "members.2": "galund",
                            "members.20": "Rosa-Fox",
                            "members.21": "AnneCarr",
                            "members.22": "ida-build-bot",
                            "members.23": "chrisclayson",
                            "members.24": "smford",
                            "members.25": "blairboy362",
                            "members.26": "Wynndow",
                            "members.27": "andy-paine",
                            "members.28": "tomrosier",
                            "members.29": "bjgill",
                            "members.3": "issyl0",
                            "members.4": "mrwilson",
                            "members.5": "philandstuff",
                            "members.6": "chrisholmes",
                            "members.7": "thomasalanlee",
                            "members.8": "mmhmm",
                            "members.9": "tlwr",
                            "name": "verify-tech-team",
                            "permission": "pull",
                            "privacy": "closed",
                            "slug": "verify-tech-team"
                        },
                        "meta": {},
                        "tainted": false
                    },
                    "deposed": [],
                    "provider": "provider.github"
                },
                "github_team_membership.team_membership": {
                    "type": "github_team_membership",
                    "depends_on": [],
                    "primary": {
                        "id": "2826127:blairboy362",
                        "attributes": {
                            "etag": "W/\"5288862b53cd6fcb2deb4fb4d52366d3\"",
                            "id": "2826127:blairboy362",
                            "role": "member",
                            "team_id": "2826127",
                            "username": "blairboy362"
                        },
                        "meta": {},
                        "tainted": false
                    },
                    "deposed": [],
                    "provider": "provider.github"
                },
                "github_team_membership.tech_team_approver": {
                    "type": "github_team_membership",
                    "depends_on": [
                        "data.github_team.approvers_team"
                    ],
                    "primary": {
                        "id": "3101758:blairboy362",
                        "attributes": {
                            "etag": "W/\"890075efb9059ab1c7f6d687c74bde7e\"",
                            "id": "3101758:blairboy362",
                            "role": "member",
                            "team_id": "3101758",
                            "username": "blairboy362"
                        },
                        "meta": {},
                        "tainted": false
                    },
                    "deposed": [],
                    "provider": "provider.github"
                }
            },
            "depends_on": []
        },
        {
            "path": [
                "root",
                "user_bravegrape"
            ],
            "outputs": {},
            "resources": {
                "data.github_team.approvers_team": {
                    "type": "github_team",
                    "depends_on": [],
                    "primary": {
                        "id": "3101758",
                        "attributes": {
                            "description": "Verify tech team: verify-tech-team-approvers",
                            "id": "3101758",
                            "members.#": "30",
                            "members.0": "idrop",
                            "members.1": "46bit",
                            "members.10": "robinmitra",
                            "members.11": "brenetic",
                            "members.12": "CharlesIC",
                            "members.13": "sakisv",
                            "members.14": "Rosa-Fox",
                            "members.15": "chrisclayson",
                            "members.16": "smford",
                            "members.17": "blairboy362",
                            "members.18": "Wynndow",
                            "members.19": "andy-paine",
                            "members.2": "galund",
                            "members.20": "tomrosier",
                            "members.21": "bjgill",
                            "members.22": "bravegrape",
                            "members.23": "jstandring-gds",
                            "members.24": "mhussein-gds",
                            "members.25": "adityapahuja",
                            "members.26": "rhowe-gds",
                            "members.27": "AmritSidhu",
                            "members.28": "alan-gds",
                            "members.29": "jakubmiarka",
                            "members.3": "issyl0",
                            "members.4": "philandstuff",
                            "members.5": "chrisholmes",
                            "members.6": "thomasalanlee",
                            "members.7": "mmhmm",
                            "members.8": "tlwr",
                            "members.9": "kerrr",
                            "name": "verify-tech-team-approvers",
                            "permission": "pull",
                            "privacy": "closed",
                            "slug": "verify-tech-team-approvers"
                        },
                        "meta": {},
                        "tainted": false
                    },
                    "deposed": [],
                    "provider": "provider.github"
                },
                "data.github_team.tech_team": {
                    "type": "github_team",
                    "depends_on": [],
                    "primary": {
                        "id": "2830432",
                        "attributes": {
                            "description": "Verify Tech Team",
                            "id": "2830432",
                            "members.#": "30",
                            "members.0": "idrop",
                            "members.1": "46bit",
                            "members.10": "kerrr",
                            "members.11": "zilnhoj",
                            "members.12": "Todai88",
                            "members.13": "robinmitra",
                            "members.14": "brenetic",
                            "members.15": "nacnudus",
                            "members.16": "CharlesIC",
                            "members.17": "jkunle",
                            "members.18": "sakisv",
                            "members.19": "stephengrier",
                            "members.2": "galund",
                            "members.20": "Rosa-Fox",
                            "members.21": "AnneCarr",
                            "members.22": "ida-build-bot",
                            "members.23": "chrisclayson",
                            "members.24": "smford",
                            "members.25": "blairboy362",
                            "members.26": "Wynndow",
                            "members.27": "andy-paine",
                            "members.28": "tomrosier",
                            "members.29": "bjgill",
                            "members.3": "issyl0",
                            "members.4": "mrwilson",
                            "members.5": "philandstuff",
                            "members.6": "chrisholmes",
                            "members.7": "thomasalanlee",
                            "members.8": "mmhmm",
                            "members.9": "tlwr",
                            "name": "verify-tech-team",
                            "permission": "pull",
                            "privacy": "closed",
                            "slug": "verify-tech-team"
                        },
                        "meta": {},
                        "tainted": false
                    },
                    "deposed": [],
                    "provider": "provider.github"
                },
                "github_team_membership.team_membership": {
                    "type": "github_team_membership",
                    "depends_on": [],
                    "primary": {
                        "id": "2826122:bravegrape",
                        "attributes": {
                            "etag": "W/\"458a87ccb23d2cc51bb84553d499c7db\"",
                            "id": "2826122:bravegrape",
                            "role": "member",
                            "team_id": "2826122",
                            "username": "bravegrape"
                        },
                        "meta": {},
                        "tainted": false
                    },
                    "deposed": [],
                    "provider": "provider.github"
                },
                "github_team_membership.tech_team_approver": {
                    "type": "github_team_membership",
                    "depends_on": [
                        "data.github_team.approvers_team"
                    ],
                    "primary": {
                        "id": "3101758:bravegrape",
                        "attributes": {
                            "etag": "W/\"d15b93192aa85a287a0a5148574978e6\"",
                            "id": "3101758:bravegrape",
                            "role": "member",
                            "team_id": "3101758",
                            "username": "bravegrape"
                        },
                        "meta": {},
                        "tainted": false
                    },
                    "deposed": [],
                    "provider": "provider.github"
                }
            },
            "depends_on": []
        },
        {
            "path": [
                "root",
                "user_brenetic"
            ],
            "outputs": {},
            "resources": {
                "data.github_team.approvers_team": {
                    "type": "github_team",
                    "depends_on": [],
                    "primary": {
                        "id": "3101758",
                        "attributes": {
                            "description": "Verify tech team: verify-tech-team-approvers",
                            "id": "3101758",
                            "members.#": "30",
                            "members.0": "idrop",
                            "members.1": "46bit",
                            "members.10": "robinmitra",
                            "members.11": "brenetic",
                            "members.12": "CharlesIC",
                            "members.13": "sakisv",
                            "members.14": "Rosa-Fox",
                            "members.15": "chrisclayson",
                            "members.16": "smford",
                            "members.17": "blairboy362",
                            "members.18": "Wynndow",
                            "members.19": "andy-paine",
                            "members.2": "galund",
                            "members.20": "tomrosier",
                            "members.21": "bjgill",
                            "members.22": "bravegrape",
                            "members.23": "jstandring-gds",
                            "members.24": "mhussein-gds",
                            "members.25": "adityapahuja",
                            "members.26": "rhowe-gds",
                            "members.27": "AmritSidhu",
                            "members.28": "alan-gds",
                            "members.29": "jakubmiarka",
                            "members.3": "issyl0",
                            "members.4": "philandstuff",
                            "members.5": "chrisholmes",
                            "members.6": "thomasalanlee",
                            "members.7": "mmhmm",
                            "members.8": "tlwr",
                            "members.9": "kerrr",
                            "name": "verify-tech-team-approvers",
                            "permission": "pull",
                            "privacy": "closed",
                            "slug": "verify-tech-team-approvers"
                        },
                        "meta": {},
                        "tainted": false
                    },
                    "deposed": [],
                    "provider": "provider.github"
                },
                "data.github_team.tech_team": {
                    "type": "github_team",
                    "depends_on": [],
                    "primary": {
                        "id": "2830432",
                        "attributes": {
                            "description": "Verify Tech Team",
                            "id": "2830432",
                            "members.#": "30",
                            "members.0": "idrop",
                            "members.1": "46bit",
                            "members.10": "kerrr",
                            "members.11": "zilnhoj",
                            "members.12": "Todai88",
                            "members.13": "robinmitra",
                            "members.14": "brenetic",
                            "members.15": "nacnudus",
                            "members.16": "CharlesIC",
                            "members.17": "jkunle",
                            "members.18": "sakisv",
                            "members.19": "stephengrier",
                            "members.2": "galund",
                            "members.20": "Rosa-Fox",
                            "members.21": "AnneCarr",
                            "members.22": "ida-build-bot",
                            "members.23": "chrisclayson",
                            "members.24": "smford",
                            "members.25": "blairboy362",
                            "members.26": "Wynndow",
                            "members.27": "andy-paine",
                            "members.28": "tomrosier",
                            "members.29": "bjgill",
                            "members.3": "issyl0",
                            "members.4": "mrwilson",
                            "members.5": "philandstuff",
                            "members.6": "chrisholmes",
                            "members.7": "thomasalanlee",
                            "members.8": "mmhmm",
                            "members.9": "tlwr",
                            "name": "verify-tech-team",
                            "permission": "pull",
                            "privacy": "closed",
                            "slug": "verify-tech-team"
                        },
                        "meta": {},
                        "tainted": false
                    },
                    "deposed": [],
                    "provider": "provider.github"
                },
                "github_team_membership.team_membership": {
                    "type": "github_team_membership",
                    "depends_on": [],
                    "primary": {
                        "id": "2826122:brenetic",
                        "attributes": {
                            "etag": "W/\"7aea78c547d3bbdab12b804b5d973cd6\"",
                            "id": "2826122:brenetic",
                            "role": "maintainer",
                            "team_id": "2826122",
                            "username": "brenetic"
                        },
                        "meta": {},
                        "tainted": false
                    },
                    "deposed": [],
                    "provider": "provider.github"
                },
                "github_team_membership.tech_team_approver": {
                    "type": "github_team_membership",
                    "depends_on": [
                        "data.github_team.approvers_team"
                    ],
                    "primary": {
                        "id": "3101758:brenetic",
                        "attributes": {
                            "etag": "W/\"a7bba5a816971d68ffa36fc924c2c489\"",
                            "id": "3101758:brenetic",
                            "role": "member",
                            "team_id": "3101758",
                            "username": "brenetic"
                        },
                        "meta": {},
                        "tainted": false
                    },
                    "deposed": [],
                    "provider": "provider.github"
                },
                "github_team_membership.tech_team_maintainer": {
                    "type": "github_team_membership",
                    "depends_on": [
                        "data.github_team.tech_team"
                    ],
                    "primary": {
                        "id": "2830432:brenetic",
                        "attributes": {
                            "etag": "W/\"556bd999442238a5b19ca71896d439e1\"",
                            "id": "2830432:brenetic",
                            "role": "maintainer",
                            "team_id": "2830432",
                            "username": "brenetic"
                        },
                        "meta": {},
                        "tainted": false
                    },
                    "deposed": [],
                    "provider": "provider.github"
                }
            },
            "depends_on": []
        },
        {
            "path": [
                "root",
                "user_charlesic"
            ],
            "outputs": {},
            "resources": {
                "data.github_team.approvers_team": {
                    "type": "github_team",
                    "depends_on": [],
                    "primary": {
                        "id": "3101758",
                        "attributes": {
                            "description": "Verify tech team: verify-tech-team-approvers",
                            "id": "3101758",
                            "members.#": "30",
                            "members.0": "idrop",
                            "members.1": "46bit",
                            "members.10": "robinmitra",
                            "members.11": "brenetic",
                            "members.12": "CharlesIC",
                            "members.13": "sakisv",
                            "members.14": "Rosa-Fox",
                            "members.15": "chrisclayson",
                            "members.16": "smford",
                            "members.17": "blairboy362",
                            "members.18": "Wynndow",
                            "members.19": "andy-paine",
                            "members.2": "galund",
                            "members.20": "tomrosier",
                            "members.21": "bjgill",
                            "members.22": "bravegrape",
                            "members.23": "jstandring-gds",
                            "members.24": "mhussein-gds",
                            "members.25": "adityapahuja",
                            "members.26": "rhowe-gds",
                            "members.27": "AmritSidhu",
                            "members.28": "alan-gds",
                            "members.29": "jakubmiarka",
                            "members.3": "issyl0",
                            "members.4": "philandstuff",
                            "members.5": "chrisholmes",
                            "members.6": "thomasalanlee",
                            "members.7": "mmhmm",
                            "members.8": "tlwr",
                            "members.9": "kerrr",
                            "name": "verify-tech-team-approvers",
                            "permission": "pull",
                            "privacy": "closed",
                            "slug": "verify-tech-team-approvers"
                        },
                        "meta": {},
                        "tainted": false
                    },
                    "deposed": [],
                    "provider": "provider.github"
                },
                "data.github_team.tech_team": {
                    "type": "github_team",
                    "depends_on": [],
                    "primary": {
                        "id": "2830432",
                        "attributes": {
                            "description": "Verify Tech Team",
                            "id": "2830432",
                            "members.#": "30",
                            "members.0": "idrop",
                            "members.1": "46bit",
                            "members.10": "kerrr",
                            "members.11": "zilnhoj",
                            "members.12": "Todai88",
                            "members.13": "robinmitra",
                            "members.14": "brenetic",
                            "members.15": "nacnudus",
                            "members.16": "CharlesIC",
                            "members.17": "jkunle",
                            "members.18": "sakisv",
                            "members.19": "stephengrier",
                            "members.2": "galund",
                            "members.20": "Rosa-Fox",
                            "members.21": "AnneCarr",
                            "members.22": "ida-build-bot",
                            "members.23": "chrisclayson",
                            "members.24": "smford",
                            "members.25": "blairboy362",
                            "members.26": "Wynndow",
                            "members.27": "andy-paine",
                            "members.28": "tomrosier",
                            "members.29": "bjgill",
                            "members.3": "issyl0",
                            "members.4": "mrwilson",
                            "members.5": "philandstuff",
                            "members.6": "chrisholmes",
                            "members.7": "thomasalanlee",
                            "members.8": "mmhmm",
                            "members.9": "tlwr",
                            "name": "verify-tech-team",
                            "permission": "pull",
                            "privacy": "closed",
                            "slug": "verify-tech-team"
                        },
                        "meta": {},
                        "tainted": false
                    },
                    "deposed": [],
                    "provider": "provider.github"
                },
                "github_team_membership.team_membership.0": {
                    "type": "github_team_membership",
                    "depends_on": [],
                    "primary": {
                        "id": "2826122:CharlesIC",
                        "attributes": {
                            "etag": "W/\"751a2149acf1a3748f6a31eb48d32d16\"",
                            "id": "2826122:CharlesIC",
                            "role": "maintainer",
                            "team_id": "2826122",
                            "username": "CharlesIC"
                        },
                        "meta": {},
                        "tainted": false
                    },
                    "deposed": [],
                    "provider": "provider.github"
                },
                "github_team_membership.team_membership.1": {
                    "type": "github_team_membership",
                    "depends_on": [],
                    "primary": {
                        "id": "2826126:CharlesIC",
                        "attributes": {
                            "etag": "W/\"f3d3ace101ca66e4b411ed51f2249dcb\"",
                            "id": "2826126:CharlesIC",
                            "role": "maintainer",
                            "team_id": "2826126",
                            "username": "CharlesIC"
                        },
                        "meta": {},
                        "tainted": false
                    },
                    "deposed": [],
                    "provider": "provider.github"
                },
                "github_team_membership.tech_team_approver": {
                    "type": "github_team_membership",
                    "depends_on": [
                        "data.github_team.approvers_team"
                    ],
                    "primary": {
                        "id": "3101758:CharlesIC",
                        "attributes": {
                            "etag": "W/\"9921662c3e1a7ed7264d60a0e034ab95\"",
                            "id": "3101758:CharlesIC",
                            "role": "member",
                            "team_id": "3101758",
                            "username": "CharlesIC"
                        },
                        "meta": {},
                        "tainted": false
                    },
                    "deposed": [],
                    "provider": "provider.github"
                },
                "github_team_membership.tech_team_maintainer": {
                    "type": "github_team_membership",
                    "depends_on": [
                        "data.github_team.tech_team"
                    ],
                    "primary": {
                        "id": "2830432:CharlesIC",
                        "attributes": {
                            "etag": "W/\"0fc9f0d539da6812fe51931e8cf0872f\"",
                            "id": "2830432:CharlesIC",
                            "role": "maintainer",
                            "team_id": "2830432",
                            "username": "CharlesIC"
                        },
                        "meta": {},
                        "tainted": false
                    },
                    "deposed": [],
                    "provider": "provider.github"
                }
            },
            "depends_on": []
        },
        {
            "path": [
                "root",
                "user_chris_wynne"
            ],
            "outputs": {},
            "resources": {
                "data.github_team.approvers_team": {
                    "type": "github_team",
                    "depends_on": [],
                    "primary": {
                        "id": "3101758",
                        "attributes": {
                            "description": "Verify tech team: verify-tech-team-approvers",
                            "id": "3101758",
                            "members.#": "30",
                            "members.0": "idrop",
                            "members.1": "46bit",
                            "members.10": "robinmitra",
                            "members.11": "brenetic",
                            "members.12": "CharlesIC",
                            "members.13": "sakisv",
                            "members.14": "Rosa-Fox",
                            "members.15": "chrisclayson",
                            "members.16": "smford",
                            "members.17": "blairboy362",
                            "members.18": "Wynndow",
                            "members.19": "andy-paine",
                            "members.2": "galund",
                            "members.20": "tomrosier",
                            "members.21": "bjgill",
                            "members.22": "bravegrape",
                            "members.23": "jstandring-gds",
                            "members.24": "mhussein-gds",
                            "members.25": "adityapahuja",
                            "members.26": "rhowe-gds",
                            "members.27": "AmritSidhu",
                            "members.28": "alan-gds",
                            "members.29": "jakubmiarka",
                            "members.3": "issyl0",
                            "members.4": "philandstuff",
                            "members.5": "chrisholmes",
                            "members.6": "thomasalanlee",
                            "members.7": "mmhmm",
                            "members.8": "tlwr",
                            "members.9": "kerrr",
                            "name": "verify-tech-team-approvers",
                            "permission": "pull",
                            "privacy": "closed",
                            "slug": "verify-tech-team-approvers"
                        },
                        "meta": {},
                        "tainted": false
                    },
                    "deposed": [],
                    "provider": "provider.github"
                },
                "data.github_team.tech_team": {
                    "type": "github_team",
                    "depends_on": [],
                    "primary": {
                        "id": "2830432",
                        "attributes": {
                            "description": "Verify Tech Team",
                            "id": "2830432",
                            "members.#": "30",
                            "members.0": "idrop",
                            "members.1": "46bit",
                            "members.10": "kerrr",
                            "members.11": "zilnhoj",
                            "members.12": "Todai88",
                            "members.13": "robinmitra",
                            "members.14": "brenetic",
                            "members.15": "nacnudus",
                            "members.16": "CharlesIC",
                            "members.17": "jkunle",
                            "members.18": "sakisv",
                            "members.19": "stephengrier",
                            "members.2": "galund",
                            "members.20": "Rosa-Fox",
                            "members.21": "AnneCarr",
                            "members.22": "ida-build-bot",
                            "members.23": "chrisclayson",
                            "members.24": "smford",
                            "members.25": "blairboy362",
                            "members.26": "Wynndow",
                            "members.27": "andy-paine",
                            "members.28": "tomrosier",
                            "members.29": "bjgill",
                            "members.3": "issyl0",
                            "members.4": "mrwilson",
                            "members.5": "philandstuff",
                            "members.6": "chrisholmes",
                            "members.7": "thomasalanlee",
                            "members.8": "mmhmm",
                            "members.9": "tlwr",
                            "name": "verify-tech-team",
                            "permission": "pull",
                            "privacy": "closed",
                            "slug": "verify-tech-team"
                        },
                        "meta": {},
                        "tainted": false
                    },
                    "deposed": [],
                    "provider": "provider.github"
                },
                "github_team_membership.team_membership.0": {
                    "type": "github_team_membership",
                    "depends_on": [],
                    "primary": {
                        "id": "2826122:Wynndow",
                        "attributes": {
                            "etag": "W/\"74f82dfc73aa4cfeb2c6cba34b79099d\"",
                            "id": "2826122:Wynndow",
                            "role": "member",
                            "team_id": "2826122",
                            "username": "Wynndow"
                        },
                        "meta": {},
                        "tainted": false
                    },
                    "deposed": [],
                    "provider": "provider.github"
                },
                "github_team_membership.team_membership.1": {
                    "type": "github_team_membership",
                    "depends_on": [],
                    "primary": {
                        "id": "2826126:Wynndow",
                        "attributes": {
                            "etag": "W/\"b00bf6c197ef4e51623364af0f521f1f\"",
                            "id": "2826126:Wynndow",
                            "role": "member",
                            "team_id": "2826126",
                            "username": "Wynndow"
                        },
                        "meta": {},
                        "tainted": false
                    },
                    "deposed": [],
                    "provider": "provider.github"
                },
                "github_team_membership.tech_team_approver": {
                    "type": "github_team_membership",
                    "depends_on": [
                        "data.github_team.approvers_team"
                    ],
                    "primary": {
                        "id": "3101758:Wynndow",
                        "attributes": {
                            "etag": "W/\"c1d88b27d9d3f191d3b593a77ca8e4a4\"",
                            "id": "3101758:Wynndow",
                            "role": "member",
                            "team_id": "3101758",
                            "username": "Wynndow"
                        },
                        "meta": {},
                        "tainted": false
                    },
                    "deposed": [],
                    "provider": "provider.github"
                }
            },
            "depends_on": []
        },
        {
            "path": [
                "root",
                "user_chrisclayson"
            ],
            "outputs": {},
            "resources": {
                "data.github_team.approvers_team": {
                    "type": "github_team",
                    "depends_on": [],
                    "primary": {
                        "id": "3101758",
                        "attributes": {
                            "description": "Verify tech team: verify-tech-team-approvers",
                            "id": "3101758",
                            "members.#": "30",
                            "members.0": "idrop",
                            "members.1": "46bit",
                            "members.10": "robinmitra",
                            "members.11": "brenetic",
                            "members.12": "CharlesIC",
                            "members.13": "sakisv",
                            "members.14": "Rosa-Fox",
                            "members.15": "chrisclayson",
                            "members.16": "smford",
                            "members.17": "blairboy362",
                            "members.18": "Wynndow",
                            "members.19": "andy-paine",
                            "members.2": "galund",
                            "members.20": "tomrosier",
                            "members.21": "bjgill",
                            "members.22": "bravegrape",
                            "members.23": "jstandring-gds",
                            "members.24": "mhussein-gds",
                            "members.25": "adityapahuja",
                            "members.26": "rhowe-gds",
                            "members.27": "AmritSidhu",
                            "members.28": "alan-gds",
                            "members.29": "jakubmiarka",
                            "members.3": "issyl0",
                            "members.4": "philandstuff",
                            "members.5": "chrisholmes",
                            "members.6": "thomasalanlee",
                            "members.7": "mmhmm",
                            "members.8": "tlwr",
                            "members.9": "kerrr",
                            "name": "verify-tech-team-approvers",
                            "permission": "pull",
                            "privacy": "closed",
                            "slug": "verify-tech-team-approvers"
                        },
                        "meta": {},
                        "tainted": false
                    },
                    "deposed": [],
                    "provider": "provider.github"
                },
                "data.github_team.tech_team": {
                    "type": "github_team",
                    "depends_on": [],
                    "primary": {
                        "id": "2830432",
                        "attributes": {
                            "description": "Verify Tech Team",
                            "id": "2830432",
                            "members.#": "30",
                            "members.0": "idrop",
                            "members.1": "46bit",
                            "members.10": "kerrr",
                            "members.11": "zilnhoj",
                            "members.12": "Todai88",
                            "members.13": "robinmitra",
                            "members.14": "brenetic",
                            "members.15": "nacnudus",
                            "members.16": "CharlesIC",
                            "members.17": "jkunle",
                            "members.18": "sakisv",
                            "members.19": "stephengrier",
                            "members.2": "galund",
                            "members.20": "Rosa-Fox",
                            "members.21": "AnneCarr",
                            "members.22": "ida-build-bot",
                            "members.23": "chrisclayson",
                            "members.24": "smford",
                            "members.25": "blairboy362",
                            "members.26": "Wynndow",
                            "members.27": "andy-paine",
                            "members.28": "tomrosier",
                            "members.29": "bjgill",
                            "members.3": "issyl0",
                            "members.4": "mrwilson",
                            "members.5": "philandstuff",
                            "members.6": "chrisholmes",
                            "members.7": "thomasalanlee",
                            "members.8": "mmhmm",
                            "members.9": "tlwr",
                            "name": "verify-tech-team",
                            "permission": "pull",
                            "privacy": "closed",
                            "slug": "verify-tech-team"
                        },
                        "meta": {},
                        "tainted": false
                    },
                    "deposed": [],
                    "provider": "provider.github"
                },
                "github_team_membership.team_membership": {
                    "type": "github_team_membership",
                    "depends_on": [],
                    "primary": {
                        "id": "2826122:chrisclayson",
                        "attributes": {
                            "etag": "W/\"d032f0cefedb2e3d1f147ff84333eba2\"",
                            "id": "2826122:chrisclayson",
                            "role": "member",
                            "team_id": "2826122",
                            "username": "chrisclayson"
                        },
                        "meta": {},
                        "tainted": false
                    },
                    "deposed": [],
                    "provider": "provider.github"
                },
                "github_team_membership.tech_team_approver": {
                    "type": "github_team_membership",
                    "depends_on": [
                        "data.github_team.approvers_team"
                    ],
                    "primary": {
                        "id": "3101758:chrisclayson",
                        "attributes": {
                            "etag": "W/\"c6cd2e4c82478fa9bcab6dbfa292fdf7\"",
                            "id": "3101758:chrisclayson",
                            "role": "member",
                            "team_id": "3101758",
                            "username": "chrisclayson"
                        },
                        "meta": {},
                        "tainted": false
                    },
                    "deposed": [],
                    "provider": "provider.github"
                }
            },
            "depends_on": []
        },
        {
            "path": [
                "root",
                "user_chrisholmes"
            ],
            "outputs": {},
            "resources": {
                "data.github_team.approvers_team": {
                    "type": "github_team",
                    "depends_on": [],
                    "primary": {
                        "id": "3101758",
                        "attributes": {
                            "description": "Verify tech team: verify-tech-team-approvers",
                            "id": "3101758",
                            "members.#": "30",
                            "members.0": "idrop",
                            "members.1": "46bit",
                            "members.10": "robinmitra",
                            "members.11": "brenetic",
                            "members.12": "CharlesIC",
                            "members.13": "sakisv",
                            "members.14": "Rosa-Fox",
                            "members.15": "chrisclayson",
                            "members.16": "smford",
                            "members.17": "blairboy362",
                            "members.18": "Wynndow",
                            "members.19": "andy-paine",
                            "members.2": "galund",
                            "members.20": "tomrosier",
                            "members.21": "bjgill",
                            "members.22": "bravegrape",
                            "members.23": "jstandring-gds",
                            "members.24": "mhussein-gds",
                            "members.25": "adityapahuja",
                            "members.26": "rhowe-gds",
                            "members.27": "AmritSidhu",
                            "members.28": "alan-gds",
                            "members.29": "jakubmiarka",
                            "members.3": "issyl0",
                            "members.4": "philandstuff",
                            "members.5": "chrisholmes",
                            "members.6": "thomasalanlee",
                            "members.7": "mmhmm",
                            "members.8": "tlwr",
                            "members.9": "kerrr",
                            "name": "verify-tech-team-approvers",
                            "permission": "pull",
                            "privacy": "closed",
                            "slug": "verify-tech-team-approvers"
                        },
                        "meta": {},
                        "tainted": false
                    },
                    "deposed": [],
                    "provider": "provider.github"
                },
                "data.github_team.tech_team": {
                    "type": "github_team",
                    "depends_on": [],
                    "primary": {
                        "id": "2830432",
                        "attributes": {
                            "description": "Verify Tech Team",
                            "id": "2830432",
                            "members.#": "30",
                            "members.0": "idrop",
                            "members.1": "46bit",
                            "members.10": "kerrr",
                            "members.11": "zilnhoj",
                            "members.12": "Todai88",
                            "members.13": "robinmitra",
                            "members.14": "brenetic",
                            "members.15": "nacnudus",
                            "members.16": "CharlesIC",
                            "members.17": "jkunle",
                            "members.18": "sakisv",
                            "members.19": "stephengrier",
                            "members.2": "galund",
                            "members.20": "Rosa-Fox",
                            "members.21": "AnneCarr",
                            "members.22": "ida-build-bot",
                            "members.23": "chrisclayson",
                            "members.24": "smford",
                            "members.25": "blairboy362",
                            "members.26": "Wynndow",
                            "members.27": "andy-paine",
                            "members.28": "tomrosier",
                            "members.29": "bjgill",
                            "members.3": "issyl0",
                            "members.4": "mrwilson",
                            "members.5": "philandstuff",
                            "members.6": "chrisholmes",
                            "members.7": "thomasalanlee",
                            "members.8": "mmhmm",
                            "members.9": "tlwr",
                            "name": "verify-tech-team",
                            "permission": "pull",
                            "privacy": "closed",
                            "slug": "verify-tech-team"
                        },
                        "meta": {},
                        "tainted": false
                    },
                    "deposed": [],
                    "provider": "provider.github"
                },
                "github_team_membership.team_membership.0": {
                    "type": "github_team_membership",
                    "depends_on": [],
                    "primary": {
                        "id": "2826122:chrisholmes",
                        "attributes": {
                            "etag": "W/\"1846a44d71d9a29fa0d47b7cbb897de6\"",
                            "id": "2826122:chrisholmes",
                            "role": "maintainer",
                            "team_id": "2826122",
                            "username": "chrisholmes"
                        },
                        "meta": {},
                        "tainted": false
                    },
                    "deposed": [],
                    "provider": "provider.github"
                },
                "github_team_membership.team_membership.1": {
                    "type": "github_team_membership",
                    "depends_on": [],
                    "primary": {
                        "id": "2826126:chrisholmes",
                        "attributes": {
                            "etag": "W/\"320beb7516de4b93360590e5aa273826\"",
                            "id": "2826126:chrisholmes",
                            "role": "maintainer",
                            "team_id": "2826126",
                            "username": "chrisholmes"
                        },
                        "meta": {},
                        "tainted": false
                    },
                    "deposed": [],
                    "provider": "provider.github"
                },
                "github_team_membership.team_membership.2": {
                    "type": "github_team_membership",
                    "depends_on": [],
                    "primary": {
                        "id": "2826127:chrisholmes",
                        "attributes": {
                            "etag": "W/\"ab02000c903b98c5d428cf715424b212\"",
                            "id": "2826127:chrisholmes",
                            "role": "maintainer",
                            "team_id": "2826127",
                            "username": "chrisholmes"
                        },
                        "meta": {},
                        "tainted": false
                    },
                    "deposed": [],
                    "provider": "provider.github"
                },
                "github_team_membership.tech_team_approver": {
                    "type": "github_team_membership",
                    "depends_on": [
                        "data.github_team.approvers_team"
                    ],
                    "primary": {
                        "id": "3101758:chrisholmes",
                        "attributes": {
                            "etag": "W/\"76911bfb5190ce5def65a515d04925ce\"",
                            "id": "3101758:chrisholmes",
                            "role": "member",
                            "team_id": "3101758",
                            "username": "chrisholmes"
                        },
                        "meta": {},
                        "tainted": false
                    },
                    "deposed": [],
                    "provider": "provider.github"
                },
                "github_team_membership.tech_team_maintainer": {
                    "type": "github_team_membership",
                    "depends_on": [
                        "data.github_team.tech_team"
                    ],
                    "primary": {
                        "id": "2830432:chrisholmes",
                        "attributes": {
                            "etag": "W/\"f473c71ba12b4a502030d819eeb949fd\"",
                            "id": "2830432:chrisholmes",
                            "role": "maintainer",
                            "team_id": "2830432",
                            "username": "chrisholmes"
                        },
                        "meta": {},
                        "tainted": false
                    },
                    "deposed": [],
                    "provider": "provider.github"
                }
            },
            "depends_on": []
        },
        {
            "path": [
                "root",
                "user_coleni"
            ],
            "outputs": {},
            "resources": {
                "data.github_team.approvers_team": {
                    "type": "github_team",
                    "depends_on": [],
                    "primary": {
                        "id": "3101758",
                        "attributes": {
                            "description": "Verify tech team: verify-tech-team-approvers",
                            "id": "3101758",
                            "members.#": "30",
                            "members.0": "idrop",
                            "members.1": "46bit",
                            "members.10": "robinmitra",
                            "members.11": "brenetic",
                            "members.12": "CharlesIC",
                            "members.13": "sakisv",
                            "members.14": "Rosa-Fox",
                            "members.15": "chrisclayson",
                            "members.16": "smford",
                            "members.17": "blairboy362",
                            "members.18": "Wynndow",
                            "members.19": "andy-paine",
                            "members.2": "galund",
                            "members.20": "tomrosier",
                            "members.21": "bjgill",
                            "members.22": "bravegrape",
                            "members.23": "jstandring-gds",
                            "members.24": "mhussein-gds",
                            "members.25": "adityapahuja",
                            "members.26": "rhowe-gds",
                            "members.27": "AmritSidhu",
                            "members.28": "alan-gds",
                            "members.29": "jakubmiarka",
                            "members.3": "issyl0",
                            "members.4": "philandstuff",
                            "members.5": "chrisholmes",
                            "members.6": "thomasalanlee",
                            "members.7": "mmhmm",
                            "members.8": "tlwr",
                            "members.9": "kerrr",
                            "name": "verify-tech-team-approvers",
                            "permission": "pull",
                            "privacy": "closed",
                            "slug": "verify-tech-team-approvers"
                        },
                        "meta": {},
                        "tainted": false
                    },
                    "deposed": [],
                    "provider": "provider.github"
                },
                "data.github_team.tech_team": {
                    "type": "github_team",
                    "depends_on": [],
                    "primary": {
                        "id": "2830432",
                        "attributes": {
                            "description": "Verify Tech Team",
                            "id": "2830432",
                            "members.#": "30",
                            "members.0": "idrop",
                            "members.1": "46bit",
                            "members.10": "kerrr",
                            "members.11": "zilnhoj",
                            "members.12": "Todai88",
                            "members.13": "robinmitra",
                            "members.14": "brenetic",
                            "members.15": "nacnudus",
                            "members.16": "CharlesIC",
                            "members.17": "jkunle",
                            "members.18": "sakisv",
                            "members.19": "stephengrier",
                            "members.2": "galund",
                            "members.20": "Rosa-Fox",
                            "members.21": "AnneCarr",
                            "members.22": "ida-build-bot",
                            "members.23": "chrisclayson",
                            "members.24": "smford",
                            "members.25": "blairboy362",
                            "members.26": "Wynndow",
                            "members.27": "andy-paine",
                            "members.28": "tomrosier",
                            "members.29": "bjgill",
                            "members.3": "issyl0",
                            "members.4": "mrwilson",
                            "members.5": "philandstuff",
                            "members.6": "chrisholmes",
                            "members.7": "thomasalanlee",
                            "members.8": "mmhmm",
                            "members.9": "tlwr",
                            "name": "verify-tech-team",
                            "permission": "pull",
                            "privacy": "closed",
                            "slug": "verify-tech-team"
                        },
                        "meta": {},
                        "tainted": false
                    },
                    "deposed": [],
                    "provider": "provider.github"
                },
                "github_team_membership.team_membership": {
                    "type": "github_team_membership",
                    "depends_on": [],
                    "primary": {
                        "id": "2826122:coleni",
                        "attributes": {
                            "etag": "W/\"94586d01afa915a2a68d8aba0a0b9f2a\"",
                            "id": "2826122:coleni",
                            "role": "member",
                            "team_id": "2826122",
                            "username": "coleni"
                        },
                        "meta": {},
                        "tainted": false
                    },
                    "deposed": [],
                    "provider": "provider.github"
                }
            },
            "depends_on": []
        },
        {
            "path": [
                "root",
                "user_danielblair"
            ],
            "outputs": {},
            "resources": {
                "data.github_team.approvers_team": {
                    "type": "github_team",
                    "depends_on": [],
                    "primary": {
                        "id": "3101758",
                        "attributes": {
                            "description": "Verify tech team: verify-tech-team-approvers",
                            "id": "3101758",
                            "members.#": "30",
                            "members.0": "idrop",
                            "members.1": "46bit",
                            "members.10": "robinmitra",
                            "members.11": "brenetic",
                            "members.12": "CharlesIC",
                            "members.13": "sakisv",
                            "members.14": "Rosa-Fox",
                            "members.15": "chrisclayson",
                            "members.16": "smford",
                            "members.17": "blairboy362",
                            "members.18": "Wynndow",
                            "members.19": "andy-paine",
                            "members.2": "galund",
                            "members.20": "tomrosier",
                            "members.21": "bjgill",
                            "members.22": "bravegrape",
                            "members.23": "jstandring-gds",
                            "members.24": "mhussein-gds",
                            "members.25": "adityapahuja",
                            "members.26": "rhowe-gds",
                            "members.27": "AmritSidhu",
                            "members.28": "alan-gds",
                            "members.29": "jakubmiarka",
                            "members.3": "issyl0",
                            "members.4": "philandstuff",
                            "members.5": "chrisholmes",
                            "members.6": "thomasalanlee",
                            "members.7": "mmhmm",
                            "members.8": "tlwr",
                            "members.9": "kerrr",
                            "name": "verify-tech-team-approvers",
                            "permission": "pull",
                            "privacy": "closed",
                            "slug": "verify-tech-team-approvers"
                        },
                        "meta": {},
                        "tainted": false
                    },
                    "deposed": [],
                    "provider": "provider.github"
                },
                "data.github_team.tech_team": {
                    "type": "github_team",
                    "depends_on": [],
                    "primary": {
                        "id": "2830432",
                        "attributes": {
                            "description": "Verify Tech Team",
                            "id": "2830432",
                            "members.#": "30",
                            "members.0": "idrop",
                            "members.1": "46bit",
                            "members.10": "kerrr",
                            "members.11": "zilnhoj",
                            "members.12": "Todai88",
                            "members.13": "robinmitra",
                            "members.14": "brenetic",
                            "members.15": "nacnudus",
                            "members.16": "CharlesIC",
                            "members.17": "jkunle",
                            "members.18": "sakisv",
                            "members.19": "stephengrier",
                            "members.2": "galund",
                            "members.20": "Rosa-Fox",
                            "members.21": "AnneCarr",
                            "members.22": "ida-build-bot",
                            "members.23": "chrisclayson",
                            "members.24": "smford",
                            "members.25": "blairboy362",
                            "members.26": "Wynndow",
                            "members.27": "andy-paine",
                            "members.28": "tomrosier",
                            "members.29": "bjgill",
                            "members.3": "issyl0",
                            "members.4": "mrwilson",
                            "members.5": "philandstuff",
                            "members.6": "chrisholmes",
                            "members.7": "thomasalanlee",
                            "members.8": "mmhmm",
                            "members.9": "tlwr",
                            "name": "verify-tech-team",
                            "permission": "pull",
                            "privacy": "closed",
                            "slug": "verify-tech-team"
                        },
                        "meta": {},
                        "tainted": false
                    },
                    "deposed": [],
                    "provider": "provider.github"
                },
                "github_team_membership.team_membership.0": {
                    "type": "github_team_membership",
                    "depends_on": [],
                    "primary": {
                        "id": "2826122:blairboy362",
                        "attributes": {
                            "etag": "W/\"b0d58436bac5217a18352a054636a394\"",
                            "id": "2826122:blairboy362",
                            "role": "member",
                            "team_id": "2826122",
                            "username": "blairboy362"
                        },
                        "meta": {},
                        "tainted": false
                    },
                    "deposed": [],
                    "provider": "provider.github"
                },
                "github_team_membership.team_membership.1": {
                    "type": "github_team_membership",
                    "depends_on": [],
                    "primary": {
                        "id": "2826126:blairboy362",
                        "attributes": {
                            "etag": "W/\"912953fc09286a53fc63e41f7cf0250a\"",
                            "id": "2826126:blairboy362",
                            "role": "member",
                            "team_id": "2826126",
                            "username": "blairboy362"
                        },
                        "meta": {},
                        "tainted": false
                    },
                    "deposed": [],
                    "provider": "provider.github"
                },
                "github_team_membership.tech_team_approver": {
                    "type": "github_team_membership",
                    "depends_on": [
                        "data.github_team.approvers_team"
                    ],
                    "primary": {
                        "id": "3101758:blairboy362",
                        "attributes": {
                            "etag": "W/\"890075efb9059ab1c7f6d687c74bde7e\"",
                            "id": "3101758:blairboy362",
                            "role": "member",
                            "team_id": "3101758",
                            "username": "blairboy362"
                        },
                        "meta": {},
                        "tainted": false
                    },
                    "deposed": [],
                    "provider": "provider.github"
                }
            },
            "depends_on": []
        },
        {
            "path": [
                "root",
                "user_dbes_gds"
            ],
            "outputs": {},
            "resources": {
                "data.github_team.approvers_team": {
                    "type": "github_team",
                    "depends_on": [],
                    "primary": {
                        "id": "3101758",
                        "attributes": {
                            "description": "Verify tech team: verify-tech-team-approvers",
                            "id": "3101758",
                            "members.#": "30",
                            "members.0": "idrop",
                            "members.1": "46bit",
                            "members.10": "robinmitra",
                            "members.11": "brenetic",
                            "members.12": "CharlesIC",
                            "members.13": "sakisv",
                            "members.14": "Rosa-Fox",
                            "members.15": "chrisclayson",
                            "members.16": "smford",
                            "members.17": "blairboy362",
                            "members.18": "Wynndow",
                            "members.19": "andy-paine",
                            "members.2": "galund",
                            "members.20": "tomrosier",
                            "members.21": "bjgill",
                            "members.22": "bravegrape",
                            "members.23": "jstandring-gds",
                            "members.24": "mhussein-gds",
                            "members.25": "adityapahuja",
                            "members.26": "rhowe-gds",
                            "members.27": "AmritSidhu",
                            "members.28": "alan-gds",
                            "members.29": "jakubmiarka",
                            "members.3": "issyl0",
                            "members.4": "philandstuff",
                            "members.5": "chrisholmes",
                            "members.6": "thomasalanlee",
                            "members.7": "mmhmm",
                            "members.8": "tlwr",
                            "members.9": "kerrr",
                            "name": "verify-tech-team-approvers",
                            "permission": "pull",
                            "privacy": "closed",
                            "slug": "verify-tech-team-approvers"
                        },
                        "meta": {},
                        "tainted": false
                    },
                    "deposed": [],
                    "provider": "provider.github"
                },
                "data.github_team.tech_team": {
                    "type": "github_team",
                    "depends_on": [],
                    "primary": {
                        "id": "2830432",
                        "attributes": {
                            "description": "Verify Tech Team",
                            "id": "2830432",
                            "members.#": "30",
                            "members.0": "idrop",
                            "members.1": "46bit",
                            "members.10": "kerrr",
                            "members.11": "zilnhoj",
                            "members.12": "Todai88",
                            "members.13": "robinmitra",
                            "members.14": "brenetic",
                            "members.15": "nacnudus",
                            "members.16": "CharlesIC",
                            "members.17": "jkunle",
                            "members.18": "sakisv",
                            "members.19": "stephengrier",
                            "members.2": "galund",
                            "members.20": "Rosa-Fox",
                            "members.21": "AnneCarr",
                            "members.22": "ida-build-bot",
                            "members.23": "chrisclayson",
                            "members.24": "smford",
                            "members.25": "blairboy362",
                            "members.26": "Wynndow",
                            "members.27": "andy-paine",
                            "members.28": "tomrosier",
                            "members.29": "bjgill",
                            "members.3": "issyl0",
                            "members.4": "mrwilson",
                            "members.5": "philandstuff",
                            "members.6": "chrisholmes",
                            "members.7": "thomasalanlee",
                            "members.8": "mmhmm",
                            "members.9": "tlwr",
                            "name": "verify-tech-team",
                            "permission": "pull",
                            "privacy": "closed",
                            "slug": "verify-tech-team"
                        },
                        "meta": {},
                        "tainted": false
                    },
                    "deposed": [],
                    "provider": "provider.github"
                },
                "github_team_membership.team_membership.0": {
                    "type": "github_team_membership",
                    "depends_on": [],
                    "primary": {
                        "id": "2826122:dbes-gds",
                        "attributes": {
                            "etag": "W/\"ba3439e7f0b3cb8c88c6f94c8b4cc77f\"",
                            "id": "2826122:dbes-gds",
                            "role": "member",
                            "team_id": "2826122",
                            "username": "dbes-gds"
                        },
                        "meta": {},
                        "tainted": false
                    },
                    "deposed": [],
                    "provider": "provider.github"
                },
                "github_team_membership.team_membership.1": {
                    "type": "github_team_membership",
                    "depends_on": [],
                    "primary": {
                        "id": "2826126:dbes-gds",
                        "attributes": {
                            "etag": "W/\"0ec690b02cb2915c254efd328470b785\"",
                            "id": "2826126:dbes-gds",
                            "role": "member",
                            "team_id": "2826126",
                            "username": "dbes-gds"
                        },
                        "meta": {},
                        "tainted": false
                    },
                    "deposed": [],
                    "provider": "provider.github"
                },
                "github_team_membership.tech_team_approver": {
                    "type": "github_team_membership",
                    "depends_on": [
                        "data.github_team.approvers_team"
                    ],
                    "primary": {
                        "id": "3101758:dbes-gds",
                        "attributes": {
                            "etag": "W/\"47dd8b561c90a76374c9aaae7dc9717f\"",
                            "id": "3101758:dbes-gds",
                            "role": "member",
                            "team_id": "3101758",
                            "username": "dbes-gds"
                        },
                        "meta": {},
                        "tainted": false
                    },
                    "deposed": [],
                    "provider": "provider.github"
                }
            },
            "depends_on": []
        },
        {
            "path": [
                "root",
                "user_galund"
            ],
            "outputs": {},
            "resources": {
                "data.github_team.approvers_team": {
                    "type": "github_team",
                    "depends_on": [],
                    "primary": {
                        "id": "3101758",
                        "attributes": {
                            "description": "Verify tech team: verify-tech-team-approvers",
                            "id": "3101758",
                            "members.#": "30",
                            "members.0": "idrop",
                            "members.1": "46bit",
                            "members.10": "robinmitra",
                            "members.11": "brenetic",
                            "members.12": "CharlesIC",
                            "members.13": "sakisv",
                            "members.14": "Rosa-Fox",
                            "members.15": "chrisclayson",
                            "members.16": "smford",
                            "members.17": "blairboy362",
                            "members.18": "Wynndow",
                            "members.19": "andy-paine",
                            "members.2": "galund",
                            "members.20": "tomrosier",
                            "members.21": "bjgill",
                            "members.22": "bravegrape",
                            "members.23": "jstandring-gds",
                            "members.24": "mhussein-gds",
                            "members.25": "adityapahuja",
                            "members.26": "rhowe-gds",
                            "members.27": "AmritSidhu",
                            "members.28": "alan-gds",
                            "members.29": "jakubmiarka",
                            "members.3": "issyl0",
                            "members.4": "philandstuff",
                            "members.5": "chrisholmes",
                            "members.6": "thomasalanlee",
                            "members.7": "mmhmm",
                            "members.8": "tlwr",
                            "members.9": "kerrr",
                            "name": "verify-tech-team-approvers",
                            "permission": "pull",
                            "privacy": "closed",
                            "slug": "verify-tech-team-approvers"
                        },
                        "meta": {},
                        "tainted": false
                    },
                    "deposed": [],
                    "provider": "provider.github"
                },
                "data.github_team.tech_team": {
                    "type": "github_team",
                    "depends_on": [],
                    "primary": {
                        "id": "2830432",
                        "attributes": {
                            "description": "Verify Tech Team",
                            "id": "2830432",
                            "members.#": "30",
                            "members.0": "idrop",
                            "members.1": "46bit",
                            "members.10": "kerrr",
                            "members.11": "zilnhoj",
                            "members.12": "Todai88",
                            "members.13": "robinmitra",
                            "members.14": "brenetic",
                            "members.15": "nacnudus",
                            "members.16": "CharlesIC",
                            "members.17": "jkunle",
                            "members.18": "sakisv",
                            "members.19": "stephengrier",
                            "members.2": "galund",
                            "members.20": "Rosa-Fox",
                            "members.21": "AnneCarr",
                            "members.22": "ida-build-bot",
                            "members.23": "chrisclayson",
                            "members.24": "smford",
                            "members.25": "blairboy362",
                            "members.26": "Wynndow",
                            "members.27": "andy-paine",
                            "members.28": "tomrosier",
                            "members.29": "bjgill",
                            "members.3": "issyl0",
                            "members.4": "mrwilson",
                            "members.5": "philandstuff",
                            "members.6": "chrisholmes",
                            "members.7": "thomasalanlee",
                            "members.8": "mmhmm",
                            "members.9": "tlwr",
                            "name": "verify-tech-team",
                            "permission": "pull",
                            "privacy": "closed",
                            "slug": "verify-tech-team"
                        },
                        "meta": {},
                        "tainted": false
                    },
                    "deposed": [],
                    "provider": "provider.github"
                },
                "github_team_membership.team_membership": {
                    "type": "github_team_membership",
                    "depends_on": [],
                    "primary": {
                        "id": "2826122:galund",
                        "attributes": {
                            "etag": "W/\"8df26923ef93d21d44816c5bb1762f2f\"",
                            "id": "2826122:galund",
                            "role": "member",
                            "team_id": "2826122",
                            "username": "galund"
                        },
                        "meta": {},
                        "tainted": false
                    },
                    "deposed": [],
                    "provider": "provider.github"
                },
                "github_team_membership.tech_team_approver": {
                    "type": "github_team_membership",
                    "depends_on": [
                        "data.github_team.approvers_team"
                    ],
                    "primary": {
                        "id": "3101758:galund",
                        "attributes": {
                            "etag": "W/\"16baef050806cffbee11bad1e3791989\"",
                            "id": "3101758:galund",
                            "role": "member",
                            "team_id": "3101758",
                            "username": "galund"
                        },
                        "meta": {},
                        "tainted": false
                    },
                    "deposed": [],
                    "provider": "provider.github"
                }
            },
            "depends_on": []
        },
        {
            "path": [
                "root",
                "user_gdsnewt"
            ],
            "outputs": {},
            "resources": {
                "data.github_team.approvers_team": {
                    "type": "github_team",
                    "depends_on": [],
                    "primary": {
                        "id": "3101758",
                        "attributes": {
                            "description": "Verify tech team: verify-tech-team-approvers",
                            "id": "3101758",
                            "members.#": "30",
                            "members.0": "idrop",
                            "members.1": "46bit",
                            "members.10": "robinmitra",
                            "members.11": "brenetic",
                            "members.12": "CharlesIC",
                            "members.13": "sakisv",
                            "members.14": "Rosa-Fox",
                            "members.15": "chrisclayson",
                            "members.16": "smford",
                            "members.17": "blairboy362",
                            "members.18": "Wynndow",
                            "members.19": "andy-paine",
                            "members.2": "galund",
                            "members.20": "tomrosier",
                            "members.21": "bjgill",
                            "members.22": "bravegrape",
                            "members.23": "jstandring-gds",
                            "members.24": "mhussein-gds",
                            "members.25": "adityapahuja",
                            "members.26": "rhowe-gds",
                            "members.27": "AmritSidhu",
                            "members.28": "alan-gds",
                            "members.29": "jakubmiarka",
                            "members.3": "issyl0",
                            "members.4": "philandstuff",
                            "members.5": "chrisholmes",
                            "members.6": "thomasalanlee",
                            "members.7": "mmhmm",
                            "members.8": "tlwr",
                            "members.9": "kerrr",
                            "name": "verify-tech-team-approvers",
                            "permission": "pull",
                            "privacy": "closed",
                            "slug": "verify-tech-team-approvers"
                        },
                        "meta": {},
                        "tainted": false
                    },
                    "deposed": [],
                    "provider": "provider.github"
                },
                "data.github_team.tech_team": {
                    "type": "github_team",
                    "depends_on": [],
                    "primary": {
                        "id": "2830432",
                        "attributes": {
                            "description": "Verify Tech Team",
                            "id": "2830432",
                            "members.#": "30",
                            "members.0": "idrop",
                            "members.1": "46bit",
                            "members.10": "kerrr",
                            "members.11": "zilnhoj",
                            "members.12": "Todai88",
                            "members.13": "robinmitra",
                            "members.14": "brenetic",
                            "members.15": "nacnudus",
                            "members.16": "CharlesIC",
                            "members.17": "jkunle",
                            "members.18": "sakisv",
                            "members.19": "stephengrier",
                            "members.2": "galund",
                            "members.20": "Rosa-Fox",
                            "members.21": "AnneCarr",
                            "members.22": "ida-build-bot",
                            "members.23": "chrisclayson",
                            "members.24": "smford",
                            "members.25": "blairboy362",
                            "members.26": "Wynndow",
                            "members.27": "andy-paine",
                            "members.28": "tomrosier",
                            "members.29": "bjgill",
                            "members.3": "issyl0",
                            "members.4": "mrwilson",
                            "members.5": "philandstuff",
                            "members.6": "chrisholmes",
                            "members.7": "thomasalanlee",
                            "members.8": "mmhmm",
                            "members.9": "tlwr",
                            "name": "verify-tech-team",
                            "permission": "pull",
                            "privacy": "closed",
                            "slug": "verify-tech-team"
                        },
                        "meta": {},
                        "tainted": false
                    },
                    "deposed": [],
                    "provider": "provider.github"
                },
                "github_team_membership.team_membership": {
                    "type": "github_team_membership",
                    "depends_on": [],
                    "primary": {
                        "id": "2826122:GDSNewt",
                        "attributes": {
                            "etag": "W/\"5ae37d5d243207bb797e779638fc641b\"",
                            "id": "2826122:GDSNewt",
                            "role": "member",
                            "team_id": "2826122",
                            "username": "GDSNewt"
                        },
                        "meta": {},
                        "tainted": false
                    },
                    "deposed": [],
                    "provider": "provider.github"
                }
            },
            "depends_on": []
        },
        {
            "path": [
                "root",
                "user_ida_build_bot"
            ],
            "outputs": {},
            "resources": {
                "data.github_team.approvers_team": {
                    "type": "github_team",
                    "depends_on": [],
                    "primary": {
                        "id": "3101758",
                        "attributes": {
                            "description": "Verify tech team: verify-tech-team-approvers",
                            "id": "3101758",
                            "members.#": "30",
                            "members.0": "idrop",
                            "members.1": "46bit",
                            "members.10": "robinmitra",
                            "members.11": "brenetic",
                            "members.12": "CharlesIC",
                            "members.13": "sakisv",
                            "members.14": "Rosa-Fox",
                            "members.15": "chrisclayson",
                            "members.16": "smford",
                            "members.17": "blairboy362",
                            "members.18": "Wynndow",
                            "members.19": "andy-paine",
                            "members.2": "galund",
                            "members.20": "tomrosier",
                            "members.21": "bjgill",
                            "members.22": "bravegrape",
                            "members.23": "jstandring-gds",
                            "members.24": "mhussein-gds",
                            "members.25": "adityapahuja",
                            "members.26": "rhowe-gds",
                            "members.27": "AmritSidhu",
                            "members.28": "alan-gds",
                            "members.29": "jakubmiarka",
                            "members.3": "issyl0",
                            "members.4": "philandstuff",
                            "members.5": "chrisholmes",
                            "members.6": "thomasalanlee",
                            "members.7": "mmhmm",
                            "members.8": "tlwr",
                            "members.9": "kerrr",
                            "name": "verify-tech-team-approvers",
                            "permission": "pull",
                            "privacy": "closed",
                            "slug": "verify-tech-team-approvers"
                        },
                        "meta": {},
                        "tainted": false
                    },
                    "deposed": [],
                    "provider": "provider.github"
                },
                "data.github_team.tech_team": {
                    "type": "github_team",
                    "depends_on": [],
                    "primary": {
                        "id": "2830432",
                        "attributes": {
                            "description": "Verify Tech Team",
                            "id": "2830432",
                            "members.#": "30",
                            "members.0": "idrop",
                            "members.1": "46bit",
                            "members.10": "kerrr",
                            "members.11": "zilnhoj",
                            "members.12": "Todai88",
                            "members.13": "robinmitra",
                            "members.14": "brenetic",
                            "members.15": "nacnudus",
                            "members.16": "CharlesIC",
                            "members.17": "jkunle",
                            "members.18": "sakisv",
                            "members.19": "stephengrier",
                            "members.2": "galund",
                            "members.20": "Rosa-Fox",
                            "members.21": "AnneCarr",
                            "members.22": "ida-build-bot",
                            "members.23": "chrisclayson",
                            "members.24": "smford",
                            "members.25": "blairboy362",
                            "members.26": "Wynndow",
                            "members.27": "andy-paine",
                            "members.28": "tomrosier",
                            "members.29": "bjgill",
                            "members.3": "issyl0",
                            "members.4": "mrwilson",
                            "members.5": "philandstuff",
                            "members.6": "chrisholmes",
                            "members.7": "thomasalanlee",
                            "members.8": "mmhmm",
                            "members.9": "tlwr",
                            "name": "verify-tech-team",
                            "permission": "pull",
                            "privacy": "closed",
                            "slug": "verify-tech-team"
                        },
                        "meta": {},
                        "tainted": false
                    },
                    "deposed": [],
                    "provider": "provider.github"
                },
                "github_team_membership.team_membership.0": {
                    "type": "github_team_membership",
                    "depends_on": [],
                    "primary": {
                        "id": "2826122:ida-build-bot",
                        "attributes": {
                            "etag": "W/\"7ce363c600e504518e590db68d6db213\"",
                            "id": "2826122:ida-build-bot",
                            "role": "member",
                            "team_id": "2826122",
                            "username": "ida-build-bot"
                        },
                        "meta": {},
                        "tainted": false
                    },
                    "deposed": [],
                    "provider": "provider.github"
                },
                "github_team_membership.team_membership.1": {
                    "type": "github_team_membership",
                    "depends_on": [],
                    "primary": {
                        "id": "2826126:ida-build-bot",
                        "attributes": {
                            "etag": "W/\"66f556caf72ddfbcb62916527ca6aa74\"",
                            "id": "2826126:ida-build-bot",
                            "role": "member",
                            "team_id": "2826126",
                            "username": "ida-build-bot"
                        },
                        "meta": {},
                        "tainted": false
                    },
                    "deposed": [],
                    "provider": "provider.github"
                }
            },
            "depends_on": []
        },
        {
            "path": [
                "root",
                "user_idacodacybot"
            ],
            "outputs": {},
            "resources": {
                "data.github_team.approvers_team": {
                    "type": "github_team",
                    "depends_on": [],
                    "primary": {
                        "id": "3101758",
                        "attributes": {
                            "description": "Verify tech team: verify-tech-team-approvers",
                            "id": "3101758",
                            "members.#": "30",
                            "members.0": "idrop",
                            "members.1": "46bit",
                            "members.10": "robinmitra",
                            "members.11": "brenetic",
                            "members.12": "CharlesIC",
                            "members.13": "sakisv",
                            "members.14": "Rosa-Fox",
                            "members.15": "chrisclayson",
                            "members.16": "smford",
                            "members.17": "blairboy362",
                            "members.18": "Wynndow",
                            "members.19": "andy-paine",
                            "members.2": "galund",
                            "members.20": "tomrosier",
                            "members.21": "bjgill",
                            "members.22": "bravegrape",
                            "members.23": "jstandring-gds",
                            "members.24": "mhussein-gds",
                            "members.25": "adityapahuja",
                            "members.26": "rhowe-gds",
                            "members.27": "AmritSidhu",
                            "members.28": "alan-gds",
                            "members.29": "jakubmiarka",
                            "members.3": "issyl0",
                            "members.4": "philandstuff",
                            "members.5": "chrisholmes",
                            "members.6": "thomasalanlee",
                            "members.7": "mmhmm",
                            "members.8": "tlwr",
                            "members.9": "kerrr",
                            "name": "verify-tech-team-approvers",
                            "permission": "pull",
                            "privacy": "closed",
                            "slug": "verify-tech-team-approvers"
                        },
                        "meta": {},
                        "tainted": false
                    },
                    "deposed": [],
                    "provider": "provider.github"
                },
                "data.github_team.tech_team": {
                    "type": "github_team",
                    "depends_on": [],
                    "primary": {
                        "id": "2830432",
                        "attributes": {
                            "description": "Verify Tech Team",
                            "id": "2830432",
                            "members.#": "30",
                            "members.0": "idrop",
                            "members.1": "46bit",
                            "members.10": "kerrr",
                            "members.11": "zilnhoj",
                            "members.12": "Todai88",
                            "members.13": "robinmitra",
                            "members.14": "brenetic",
                            "members.15": "nacnudus",
                            "members.16": "CharlesIC",
                            "members.17": "jkunle",
                            "members.18": "sakisv",
                            "members.19": "stephengrier",
                            "members.2": "galund",
                            "members.20": "Rosa-Fox",
                            "members.21": "AnneCarr",
                            "members.22": "ida-build-bot",
                            "members.23": "chrisclayson",
                            "members.24": "smford",
                            "members.25": "blairboy362",
                            "members.26": "Wynndow",
                            "members.27": "andy-paine",
                            "members.28": "tomrosier",
                            "members.29": "bjgill",
                            "members.3": "issyl0",
                            "members.4": "mrwilson",
                            "members.5": "philandstuff",
                            "members.6": "chrisholmes",
                            "members.7": "thomasalanlee",
                            "members.8": "mmhmm",
                            "members.9": "tlwr",
                            "name": "verify-tech-team",
                            "permission": "pull",
                            "privacy": "closed",
                            "slug": "verify-tech-team"
                        },
                        "meta": {},
                        "tainted": false
                    },
                    "deposed": [],
                    "provider": "provider.github"
                },
                "github_team_membership.team_membership.0": {
                    "type": "github_team_membership",
                    "depends_on": [],
                    "primary": {
                        "id": "2826122:ida-codacy-bot",
                        "attributes": {
                            "etag": "W/\"63ebed51203a28a3a59845e64d528190\"",
                            "id": "2826122:ida-codacy-bot",
                            "role": "member",
                            "team_id": "2826122",
                            "username": "ida-codacy-bot"
                        },
                        "meta": {},
                        "tainted": false
                    },
                    "deposed": [],
                    "provider": "provider.github"
                },
                "github_team_membership.team_membership.1": {
                    "type": "github_team_membership",
                    "depends_on": [],
                    "primary": {
                        "id": "2826126:ida-codacy-bot",
                        "attributes": {
                            "etag": "W/\"e68c94d522ad6d149ca07249f9fd2bbf\"",
                            "id": "2826126:ida-codacy-bot",
                            "role": "member",
                            "team_id": "2826126",
                            "username": "ida-codacy-bot"
                        },
                        "meta": {},
                        "tainted": false
                    },
                    "deposed": [],
                    "provider": "provider.github"
                }
            },
            "depends_on": []
        },
        {
            "path": [
                "root",
                "user_idrop"
            ],
            "outputs": {},
            "resources": {
                "data.github_team.approvers_team": {
                    "type": "github_team",
                    "depends_on": [],
                    "primary": {
                        "id": "3101758",
                        "attributes": {
                            "description": "Verify tech team: verify-tech-team-approvers",
                            "id": "3101758",
                            "members.#": "30",
                            "members.0": "idrop",
                            "members.1": "46bit",
                            "members.10": "robinmitra",
                            "members.11": "brenetic",
                            "members.12": "CharlesIC",
                            "members.13": "sakisv",
                            "members.14": "Rosa-Fox",
                            "members.15": "chrisclayson",
                            "members.16": "smford",
                            "members.17": "blairboy362",
                            "members.18": "Wynndow",
                            "members.19": "andy-paine",
                            "members.2": "galund",
                            "members.20": "tomrosier",
                            "members.21": "bjgill",
                            "members.22": "bravegrape",
                            "members.23": "jstandring-gds",
                            "members.24": "mhussein-gds",
                            "members.25": "adityapahuja",
                            "members.26": "rhowe-gds",
                            "members.27": "AmritSidhu",
                            "members.28": "alan-gds",
                            "members.29": "jakubmiarka",
                            "members.3": "issyl0",
                            "members.4": "philandstuff",
                            "members.5": "chrisholmes",
                            "members.6": "thomasalanlee",
                            "members.7": "mmhmm",
                            "members.8": "tlwr",
                            "members.9": "kerrr",
                            "name": "verify-tech-team-approvers",
                            "permission": "pull",
                            "privacy": "closed",
                            "slug": "verify-tech-team-approvers"
                        },
                        "meta": {},
                        "tainted": false
                    },
                    "deposed": [],
                    "provider": "provider.github"
                },
                "data.github_team.tech_team": {
                    "type": "github_team",
                    "depends_on": [],
                    "primary": {
                        "id": "2830432",
                        "attributes": {
                            "description": "Verify Tech Team",
                            "id": "2830432",
                            "members.#": "30",
                            "members.0": "idrop",
                            "members.1": "46bit",
                            "members.10": "kerrr",
                            "members.11": "zilnhoj",
                            "members.12": "Todai88",
                            "members.13": "robinmitra",
                            "members.14": "brenetic",
                            "members.15": "nacnudus",
                            "members.16": "CharlesIC",
                            "members.17": "jkunle",
                            "members.18": "sakisv",
                            "members.19": "stephengrier",
                            "members.2": "galund",
                            "members.20": "Rosa-Fox",
                            "members.21": "AnneCarr",
                            "members.22": "ida-build-bot",
                            "members.23": "chrisclayson",
                            "members.24": "smford",
                            "members.25": "blairboy362",
                            "members.26": "Wynndow",
                            "members.27": "andy-paine",
                            "members.28": "tomrosier",
                            "members.29": "bjgill",
                            "members.3": "issyl0",
                            "members.4": "mrwilson",
                            "members.5": "philandstuff",
                            "members.6": "chrisholmes",
                            "members.7": "thomasalanlee",
                            "members.8": "mmhmm",
                            "members.9": "tlwr",
                            "name": "verify-tech-team",
                            "permission": "pull",
                            "privacy": "closed",
                            "slug": "verify-tech-team"
                        },
                        "meta": {},
                        "tainted": false
                    },
                    "deposed": [],
                    "provider": "provider.github"
                },
                "github_team_membership.team_membership.0": {
                    "type": "github_team_membership",
                    "depends_on": [],
                    "primary": {
                        "id": "2826122:idrop",
                        "attributes": {
                            "etag": "W/\"68b8e53590428f3285a93044ef14a1e7\"",
                            "id": "2826122:idrop",
                            "role": "member",
                            "team_id": "2826122",
                            "username": "idrop"
                        },
                        "meta": {},
                        "tainted": false
                    },
                    "deposed": [],
                    "provider": "provider.github"
                },
                "github_team_membership.team_membership.1": {
                    "type": "github_team_membership",
                    "depends_on": [],
                    "primary": {
                        "id": "2826126:idrop",
                        "attributes": {
                            "etag": "W/\"a0d6fe3c5e40b8ff80dae2c553d26e84\"",
                            "id": "2826126:idrop",
                            "role": "member",
                            "team_id": "2826126",
                            "username": "idrop"
                        },
                        "meta": {},
                        "tainted": false
                    },
                    "deposed": [],
                    "provider": "provider.github"
                },
                "github_team_membership.tech_team_approver": {
                    "type": "github_team_membership",
                    "depends_on": [
                        "data.github_team.approvers_team"
                    ],
                    "primary": {
                        "id": "3101758:idrop",
                        "attributes": {
                            "etag": "W/\"8d7cad4087fb665e4e76862d63d5d028\"",
                            "id": "3101758:idrop",
                            "role": "member",
                            "team_id": "3101758",
                            "username": "idrop"
                        },
                        "meta": {},
                        "tainted": false
                    },
                    "deposed": [],
                    "provider": "provider.github"
                }
            },
            "depends_on": []
        },
        {
            "path": [
                "root",
                "user_issyl0"
            ],
            "outputs": {},
            "resources": {
                "data.github_team.approvers_team": {
                    "type": "github_team",
                    "depends_on": [],
                    "primary": {
                        "id": "3101758",
                        "attributes": {
                            "description": "Verify tech team: verify-tech-team-approvers",
                            "id": "3101758",
                            "members.#": "30",
                            "members.0": "idrop",
                            "members.1": "46bit",
                            "members.10": "robinmitra",
                            "members.11": "brenetic",
                            "members.12": "CharlesIC",
                            "members.13": "sakisv",
                            "members.14": "Rosa-Fox",
                            "members.15": "chrisclayson",
                            "members.16": "smford",
                            "members.17": "blairboy362",
                            "members.18": "Wynndow",
                            "members.19": "andy-paine",
                            "members.2": "galund",
                            "members.20": "tomrosier",
                            "members.21": "bjgill",
                            "members.22": "bravegrape",
                            "members.23": "jstandring-gds",
                            "members.24": "mhussein-gds",
                            "members.25": "adityapahuja",
                            "members.26": "rhowe-gds",
                            "members.27": "AmritSidhu",
                            "members.28": "alan-gds",
                            "members.29": "jakubmiarka",
                            "members.3": "issyl0",
                            "members.4": "philandstuff",
                            "members.5": "chrisholmes",
                            "members.6": "thomasalanlee",
                            "members.7": "mmhmm",
                            "members.8": "tlwr",
                            "members.9": "kerrr",
                            "name": "verify-tech-team-approvers",
                            "permission": "pull",
                            "privacy": "closed",
                            "slug": "verify-tech-team-approvers"
                        },
                        "meta": {},
                        "tainted": false
                    },
                    "deposed": [],
                    "provider": "provider.github"
                },
                "data.github_team.tech_team": {
                    "type": "github_team",
                    "depends_on": [],
                    "primary": {
                        "id": "2830432",
                        "attributes": {
                            "description": "Verify Tech Team",
                            "id": "2830432",
                            "members.#": "30",
                            "members.0": "idrop",
                            "members.1": "46bit",
                            "members.10": "kerrr",
                            "members.11": "zilnhoj",
                            "members.12": "Todai88",
                            "members.13": "robinmitra",
                            "members.14": "brenetic",
                            "members.15": "nacnudus",
                            "members.16": "CharlesIC",
                            "members.17": "jkunle",
                            "members.18": "sakisv",
                            "members.19": "stephengrier",
                            "members.2": "galund",
                            "members.20": "Rosa-Fox",
                            "members.21": "AnneCarr",
                            "members.22": "ida-build-bot",
                            "members.23": "chrisclayson",
                            "members.24": "smford",
                            "members.25": "blairboy362",
                            "members.26": "Wynndow",
                            "members.27": "andy-paine",
                            "members.28": "tomrosier",
                            "members.29": "bjgill",
                            "members.3": "issyl0",
                            "members.4": "mrwilson",
                            "members.5": "philandstuff",
                            "members.6": "chrisholmes",
                            "members.7": "thomasalanlee",
                            "members.8": "mmhmm",
                            "members.9": "tlwr",
                            "name": "verify-tech-team",
                            "permission": "pull",
                            "privacy": "closed",
                            "slug": "verify-tech-team"
                        },
                        "meta": {},
                        "tainted": false
                    },
                    "deposed": [],
                    "provider": "provider.github"
                },
                "github_team_membership.team_membership.0": {
                    "type": "github_team_membership",
                    "depends_on": [],
                    "primary": {
                        "id": "2826122:issyl0",
                        "attributes": {
                            "etag": "W/\"0b0f25c2e69d90f628bde174472e9e04\"",
                            "id": "2826122:issyl0",
                            "role": "member",
                            "team_id": "2826122",
                            "username": "issyl0"
                        },
                        "meta": {},
                        "tainted": false
                    },
                    "deposed": [],
                    "provider": "provider.github"
                },
                "github_team_membership.team_membership.1": {
                    "type": "github_team_membership",
                    "depends_on": [],
                    "primary": {
                        "id": "2826127:issyl0",
                        "attributes": {
                            "etag": "W/\"f325ae274f6ac6adcc678e0081cc61f0\"",
                            "id": "2826127:issyl0",
                            "role": "member",
                            "team_id": "2826127",
                            "username": "issyl0"
                        },
                        "meta": {},
                        "tainted": false
                    },
                    "deposed": [],
                    "provider": "provider.github"
                },
                "github_team_membership.tech_team_approver": {
                    "type": "github_team_membership",
                    "depends_on": [
                        "data.github_team.approvers_team"
                    ],
                    "primary": {
                        "id": "3101758:issyl0",
                        "attributes": {
                            "etag": "W/\"0b499804774b97916106a0b5e0422170\"",
                            "id": "3101758:issyl0",
                            "role": "member",
                            "team_id": "3101758",
                            "username": "issyl0"
                        },
                        "meta": {},
                        "tainted": false
                    },
                    "deposed": [],
                    "provider": "provider.github"
                }
            },
            "depends_on": []
        },
        {
            "path": [
                "root",
                "user_j_maynard"
            ],
            "outputs": {},
            "resources": {
                "data.github_team.approvers_team": {
                    "type": "github_team",
                    "depends_on": [],
                    "primary": {
                        "id": "3101758",
                        "attributes": {
                            "description": "Verify tech team: verify-tech-team-approvers",
                            "id": "3101758",
                            "members.#": "30",
                            "members.0": "idrop",
                            "members.1": "46bit",
                            "members.10": "robinmitra",
                            "members.11": "brenetic",
                            "members.12": "CharlesIC",
                            "members.13": "sakisv",
                            "members.14": "Rosa-Fox",
                            "members.15": "chrisclayson",
                            "members.16": "smford",
                            "members.17": "blairboy362",
                            "members.18": "Wynndow",
                            "members.19": "andy-paine",
                            "members.2": "galund",
                            "members.20": "tomrosier",
                            "members.21": "bjgill",
                            "members.22": "bravegrape",
                            "members.23": "jstandring-gds",
                            "members.24": "mhussein-gds",
                            "members.25": "adityapahuja",
                            "members.26": "rhowe-gds",
                            "members.27": "AmritSidhu",
                            "members.28": "alan-gds",
                            "members.29": "jakubmiarka",
                            "members.3": "issyl0",
                            "members.4": "philandstuff",
                            "members.5": "chrisholmes",
                            "members.6": "thomasalanlee",
                            "members.7": "mmhmm",
                            "members.8": "tlwr",
                            "members.9": "kerrr",
                            "name": "verify-tech-team-approvers",
                            "permission": "pull",
                            "privacy": "closed",
                            "slug": "verify-tech-team-approvers"
                        },
                        "meta": {},
                        "tainted": false
                    },
                    "deposed": [],
                    "provider": "provider.github"
                },
                "data.github_team.tech_team": {
                    "type": "github_team",
                    "depends_on": [],
                    "primary": {
                        "id": "2830432",
                        "attributes": {
                            "description": "Verify Tech Team",
                            "id": "2830432",
                            "members.#": "30",
                            "members.0": "idrop",
                            "members.1": "46bit",
                            "members.10": "kerrr",
                            "members.11": "zilnhoj",
                            "members.12": "Todai88",
                            "members.13": "robinmitra",
                            "members.14": "brenetic",
                            "members.15": "nacnudus",
                            "members.16": "CharlesIC",
                            "members.17": "jkunle",
                            "members.18": "sakisv",
                            "members.19": "stephengrier",
                            "members.2": "galund",
                            "members.20": "Rosa-Fox",
                            "members.21": "AnneCarr",
                            "members.22": "ida-build-bot",
                            "members.23": "chrisclayson",
                            "members.24": "smford",
                            "members.25": "blairboy362",
                            "members.26": "Wynndow",
                            "members.27": "andy-paine",
                            "members.28": "tomrosier",
                            "members.29": "bjgill",
                            "members.3": "issyl0",
                            "members.4": "mrwilson",
                            "members.5": "philandstuff",
                            "members.6": "chrisholmes",
                            "members.7": "thomasalanlee",
                            "members.8": "mmhmm",
                            "members.9": "tlwr",
                            "name": "verify-tech-team",
                            "permission": "pull",
                            "privacy": "closed",
                            "slug": "verify-tech-team"
                        },
                        "meta": {},
                        "tainted": false
                    },
                    "deposed": [],
                    "provider": "provider.github"
                },
                "github_team_membership.team_membership": {
                    "type": "github_team_membership",
                    "depends_on": [],
                    "primary": {
                        "id": "2826122:j-maynard",
                        "attributes": {
                            "etag": "W/\"ff3763d6fe3f5e7dbb98a81b7d5abd8c\"",
                            "id": "2826122:j-maynard",
                            "role": "member",
                            "team_id": "2826122",
                            "username": "j-maynard"
                        },
                        "meta": {},
                        "tainted": false
                    },
                    "deposed": [],
                    "provider": "provider.github"
                }
            },
            "depends_on": []
        },
        {
            "path": [
                "root",
                "user_jakubmiarka"
            ],
            "outputs": {},
            "resources": {
                "data.github_team.approvers_team": {
                    "type": "github_team",
                    "depends_on": [],
                    "primary": {
                        "id": "3101758",
                        "attributes": {
                            "description": "Verify tech team: verify-tech-team-approvers",
                            "id": "3101758",
                            "members.#": "30",
                            "members.0": "idrop",
                            "members.1": "46bit",
                            "members.10": "robinmitra",
                            "members.11": "brenetic",
                            "members.12": "CharlesIC",
                            "members.13": "sakisv",
                            "members.14": "Rosa-Fox",
                            "members.15": "chrisclayson",
                            "members.16": "smford",
                            "members.17": "blairboy362",
                            "members.18": "Wynndow",
                            "members.19": "andy-paine",
                            "members.2": "galund",
                            "members.20": "tomrosier",
                            "members.21": "bjgill",
                            "members.22": "bravegrape",
                            "members.23": "jstandring-gds",
                            "members.24": "mhussein-gds",
                            "members.25": "adityapahuja",
                            "members.26": "rhowe-gds",
                            "members.27": "AmritSidhu",
                            "members.28": "alan-gds",
                            "members.29": "jakubmiarka",
                            "members.3": "issyl0",
                            "members.4": "philandstuff",
                            "members.5": "chrisholmes",
                            "members.6": "thomasalanlee",
                            "members.7": "mmhmm",
                            "members.8": "tlwr",
                            "members.9": "kerrr",
                            "name": "verify-tech-team-approvers",
                            "permission": "pull",
                            "privacy": "closed",
                            "slug": "verify-tech-team-approvers"
                        },
                        "meta": {},
                        "tainted": false
                    },
                    "deposed": [],
                    "provider": "provider.github"
                },
                "data.github_team.tech_team": {
                    "type": "github_team",
                    "depends_on": [],
                    "primary": {
                        "id": "2830432",
                        "attributes": {
                            "description": "Verify Tech Team",
                            "id": "2830432",
                            "members.#": "30",
                            "members.0": "idrop",
                            "members.1": "46bit",
                            "members.10": "kerrr",
                            "members.11": "zilnhoj",
                            "members.12": "Todai88",
                            "members.13": "robinmitra",
                            "members.14": "brenetic",
                            "members.15": "nacnudus",
                            "members.16": "CharlesIC",
                            "members.17": "jkunle",
                            "members.18": "sakisv",
                            "members.19": "stephengrier",
                            "members.2": "galund",
                            "members.20": "Rosa-Fox",
                            "members.21": "AnneCarr",
                            "members.22": "ida-build-bot",
                            "members.23": "chrisclayson",
                            "members.24": "smford",
                            "members.25": "blairboy362",
                            "members.26": "Wynndow",
                            "members.27": "andy-paine",
                            "members.28": "tomrosier",
                            "members.29": "bjgill",
                            "members.3": "issyl0",
                            "members.4": "mrwilson",
                            "members.5": "philandstuff",
                            "members.6": "chrisholmes",
                            "members.7": "thomasalanlee",
                            "members.8": "mmhmm",
                            "members.9": "tlwr",
                            "name": "verify-tech-team",
                            "permission": "pull",
                            "privacy": "closed",
                            "slug": "verify-tech-team"
                        },
                        "meta": {},
                        "tainted": false
                    },
                    "deposed": [],
                    "provider": "provider.github"
                },
                "github_team_membership.team_membership": {
                    "type": "github_team_membership",
                    "depends_on": [],
                    "primary": {
                        "id": "2826122:jakubmiarka",
                        "attributes": {
                            "etag": "W/\"1b7f26eb8b2df3b94e12cdd4af72fd73\"",
                            "id": "2826122:jakubmiarka",
                            "role": "maintainer",
                            "team_id": "2826122",
                            "username": "jakubmiarka"
                        },
                        "meta": {},
                        "tainted": false
                    },
                    "deposed": [],
                    "provider": "provider.github"
                },
                "github_team_membership.tech_team_approver": {
                    "type": "github_team_membership",
                    "depends_on": [
                        "data.github_team.approvers_team"
                    ],
                    "primary": {
                        "id": "3101758:jakubmiarka",
                        "attributes": {
                            "etag": "W/\"439b953f4834c87b9c61d72ddecf14cb\"",
                            "id": "3101758:jakubmiarka",
                            "role": "member",
                            "team_id": "3101758",
                            "username": "jakubmiarka"
                        },
                        "meta": {},
                        "tainted": false
                    },
                    "deposed": [],
                    "provider": "provider.github"
                },
                "github_team_membership.tech_team_maintainer": {
                    "type": "github_team_membership",
                    "depends_on": [
                        "data.github_team.tech_team"
                    ],
                    "primary": {
                        "id": "2830432:jakubmiarka",
                        "attributes": {
                            "etag": "W/\"d9d141e28b6d4adbb08e59917974bd1b\"",
                            "id": "2830432:jakubmiarka",
                            "role": "maintainer",
                            "team_id": "2830432",
                            "username": "jakubmiarka"
                        },
                        "meta": {},
                        "tainted": false
                    },
                    "deposed": [],
                    "provider": "provider.github"
                }
            },
            "depends_on": []
        },
        {
            "path": [
                "root",
                "user_jhjava"
            ],
            "outputs": {},
            "resources": {
                "data.github_team.approvers_team": {
                    "type": "github_team",
                    "depends_on": [],
                    "primary": {
                        "id": "3101758",
                        "attributes": {
                            "description": "Verify tech team: verify-tech-team-approvers",
                            "id": "3101758",
                            "members.#": "30",
                            "members.0": "idrop",
                            "members.1": "46bit",
                            "members.10": "robinmitra",
                            "members.11": "brenetic",
                            "members.12": "CharlesIC",
                            "members.13": "sakisv",
                            "members.14": "Rosa-Fox",
                            "members.15": "chrisclayson",
                            "members.16": "smford",
                            "members.17": "blairboy362",
                            "members.18": "Wynndow",
                            "members.19": "andy-paine",
                            "members.2": "galund",
                            "members.20": "tomrosier",
                            "members.21": "bjgill",
                            "members.22": "bravegrape",
                            "members.23": "jstandring-gds",
                            "members.24": "mhussein-gds",
                            "members.25": "adityapahuja",
                            "members.26": "rhowe-gds",
                            "members.27": "AmritSidhu",
                            "members.28": "alan-gds",
                            "members.29": "jakubmiarka",
                            "members.3": "issyl0",
                            "members.4": "philandstuff",
                            "members.5": "chrisholmes",
                            "members.6": "thomasalanlee",
                            "members.7": "mmhmm",
                            "members.8": "tlwr",
                            "members.9": "kerrr",
                            "name": "verify-tech-team-approvers",
                            "permission": "pull",
                            "privacy": "closed",
                            "slug": "verify-tech-team-approvers"
                        },
                        "meta": {},
                        "tainted": false
                    },
                    "deposed": [],
                    "provider": "provider.github"
                },
                "data.github_team.tech_team": {
                    "type": "github_team",
                    "depends_on": [],
                    "primary": {
                        "id": "2830432",
                        "attributes": {
                            "description": "Verify Tech Team",
                            "id": "2830432",
                            "members.#": "30",
                            "members.0": "idrop",
                            "members.1": "46bit",
                            "members.10": "kerrr",
                            "members.11": "zilnhoj",
                            "members.12": "Todai88",
                            "members.13": "robinmitra",
                            "members.14": "brenetic",
                            "members.15": "nacnudus",
                            "members.16": "CharlesIC",
                            "members.17": "jkunle",
                            "members.18": "sakisv",
                            "members.19": "stephengrier",
                            "members.2": "galund",
                            "members.20": "Rosa-Fox",
                            "members.21": "AnneCarr",
                            "members.22": "ida-build-bot",
                            "members.23": "chrisclayson",
                            "members.24": "smford",
                            "members.25": "blairboy362",
                            "members.26": "Wynndow",
                            "members.27": "andy-paine",
                            "members.28": "tomrosier",
                            "members.29": "bjgill",
                            "members.3": "issyl0",
                            "members.4": "mrwilson",
                            "members.5": "philandstuff",
                            "members.6": "chrisholmes",
                            "members.7": "thomasalanlee",
                            "members.8": "mmhmm",
                            "members.9": "tlwr",
                            "name": "verify-tech-team",
                            "permission": "pull",
                            "privacy": "closed",
                            "slug": "verify-tech-team"
                        },
                        "meta": {},
                        "tainted": false
                    },
                    "deposed": [],
                    "provider": "provider.github"
                },
                "github_team_membership.team_membership.0": {
                    "type": "github_team_membership",
                    "depends_on": [],
                    "primary": {
                        "id": "2826122:JHjava",
                        "attributes": {
                            "etag": "W/\"15a8a39cbb9e7e165f08bf5d13db414c\"",
                            "id": "2826122:JHjava",
                            "role": "maintainer",
                            "team_id": "2826122",
                            "username": "JHjava"
                        },
                        "meta": {},
                        "tainted": false
                    },
                    "deposed": [],
                    "provider": "provider.github"
                },
                "github_team_membership.team_membership.1": {
                    "type": "github_team_membership",
                    "depends_on": [],
                    "primary": {
                        "id": "2826126:JHjava",
                        "attributes": {
                            "etag": "W/\"7f48f9bffab0698cf6b13218290a8ea2\"",
                            "id": "2826126:JHjava",
                            "role": "maintainer",
                            "team_id": "2826126",
                            "username": "JHjava"
                        },
                        "meta": {},
                        "tainted": false
                    },
                    "deposed": [],
                    "provider": "provider.github"
                },
                "github_team_membership.tech_team_approver": {
                    "type": "github_team_membership",
                    "depends_on": [
                        "data.github_team.approvers_team"
                    ],
                    "primary": {
                        "id": "3101758:JHjava",
                        "attributes": {
                            "etag": "W/\"88f7acba4124fb297e0aabd30f3aff0c\"",
                            "id": "3101758:JHjava",
                            "role": "member",
                            "team_id": "3101758",
                            "username": "JHjava"
                        },
                        "meta": {},
                        "tainted": false
                    },
                    "deposed": [],
                    "provider": "provider.github"
                },
                "github_team_membership.tech_team_maintainer": {
                    "type": "github_team_membership",
                    "depends_on": [
                        "data.github_team.tech_team"
                    ],
                    "primary": {
                        "id": "2830432:JHjava",
                        "attributes": {
                            "etag": "W/\"408a7c3d9cea31e2ac21120553035dc7\"",
                            "id": "2830432:JHjava",
                            "role": "maintainer",
                            "team_id": "2830432",
                            "username": "JHjava"
                        },
                        "meta": {},
                        "tainted": false
                    },
                    "deposed": [],
                    "provider": "provider.github"
                }
            },
            "depends_on": []
        },
        {
            "path": [
                "root",
                "user_jkunle"
            ],
            "outputs": {},
            "resources": {
                "data.github_team.approvers_team": {
                    "type": "github_team",
                    "depends_on": [],
                    "primary": {
                        "id": "3101758",
                        "attributes": {
                            "description": "Verify tech team: verify-tech-team-approvers",
                            "id": "3101758",
                            "members.#": "30",
                            "members.0": "idrop",
                            "members.1": "46bit",
                            "members.10": "robinmitra",
                            "members.11": "brenetic",
                            "members.12": "CharlesIC",
                            "members.13": "sakisv",
                            "members.14": "Rosa-Fox",
                            "members.15": "chrisclayson",
                            "members.16": "smford",
                            "members.17": "blairboy362",
                            "members.18": "Wynndow",
                            "members.19": "andy-paine",
                            "members.2": "galund",
                            "members.20": "tomrosier",
                            "members.21": "bjgill",
                            "members.22": "bravegrape",
                            "members.23": "jstandring-gds",
                            "members.24": "mhussein-gds",
                            "members.25": "adityapahuja",
                            "members.26": "rhowe-gds",
                            "members.27": "AmritSidhu",
                            "members.28": "alan-gds",
                            "members.29": "jakubmiarka",
                            "members.3": "issyl0",
                            "members.4": "philandstuff",
                            "members.5": "chrisholmes",
                            "members.6": "thomasalanlee",
                            "members.7": "mmhmm",
                            "members.8": "tlwr",
                            "members.9": "kerrr",
                            "name": "verify-tech-team-approvers",
                            "permission": "pull",
                            "privacy": "closed",
                            "slug": "verify-tech-team-approvers"
                        },
                        "meta": {},
                        "tainted": false
                    },
                    "deposed": [],
                    "provider": "provider.github"
                },
                "data.github_team.tech_team": {
                    "type": "github_team",
                    "depends_on": [],
                    "primary": {
                        "id": "2830432",
                        "attributes": {
                            "description": "Verify Tech Team",
                            "id": "2830432",
                            "members.#": "30",
                            "members.0": "idrop",
                            "members.1": "46bit",
                            "members.10": "kerrr",
                            "members.11": "zilnhoj",
                            "members.12": "Todai88",
                            "members.13": "robinmitra",
                            "members.14": "brenetic",
                            "members.15": "nacnudus",
                            "members.16": "CharlesIC",
                            "members.17": "jkunle",
                            "members.18": "sakisv",
                            "members.19": "stephengrier",
                            "members.2": "galund",
                            "members.20": "Rosa-Fox",
                            "members.21": "AnneCarr",
                            "members.22": "ida-build-bot",
                            "members.23": "chrisclayson",
                            "members.24": "smford",
                            "members.25": "blairboy362",
                            "members.26": "Wynndow",
                            "members.27": "andy-paine",
                            "members.28": "tomrosier",
                            "members.29": "bjgill",
                            "members.3": "issyl0",
                            "members.4": "mrwilson",
                            "members.5": "philandstuff",
                            "members.6": "chrisholmes",
                            "members.7": "thomasalanlee",
                            "members.8": "mmhmm",
                            "members.9": "tlwr",
                            "name": "verify-tech-team",
                            "permission": "pull",
                            "privacy": "closed",
                            "slug": "verify-tech-team"
                        },
                        "meta": {},
                        "tainted": false
                    },
                    "deposed": [],
                    "provider": "provider.github"
                },
                "github_team_membership.team_membership": {
                    "type": "github_team_membership",
                    "depends_on": [],
                    "primary": {
                        "id": "2826122:jkunle",
                        "attributes": {
                            "etag": "W/\"7f68aa8e8bdba3e53f57a651f5e9587d\"",
                            "id": "2826122:jkunle",
                            "role": "member",
                            "team_id": "2826122",
                            "username": "jkunle"
                        },
                        "meta": {},
                        "tainted": false
                    },
                    "deposed": [],
                    "provider": "provider.github"
                }
            },
            "depends_on": []
        },
        {
            "path": [
                "root",
                "user_johnwattsgds"
            ],
            "outputs": {},
            "resources": {
                "data.github_team.approvers_team": {
                    "type": "github_team",
                    "depends_on": [],
                    "primary": {
                        "id": "3101758",
                        "attributes": {
                            "description": "Verify tech team: verify-tech-team-approvers",
                            "id": "3101758",
                            "members.#": "30",
                            "members.0": "idrop",
                            "members.1": "46bit",
                            "members.10": "robinmitra",
                            "members.11": "brenetic",
                            "members.12": "CharlesIC",
                            "members.13": "sakisv",
                            "members.14": "Rosa-Fox",
                            "members.15": "chrisclayson",
                            "members.16": "smford",
                            "members.17": "blairboy362",
                            "members.18": "Wynndow",
                            "members.19": "andy-paine",
                            "members.2": "galund",
                            "members.20": "tomrosier",
                            "members.21": "bjgill",
                            "members.22": "bravegrape",
                            "members.23": "jstandring-gds",
                            "members.24": "mhussein-gds",
                            "members.25": "adityapahuja",
                            "members.26": "rhowe-gds",
                            "members.27": "AmritSidhu",
                            "members.28": "alan-gds",
                            "members.29": "jakubmiarka",
                            "members.3": "issyl0",
                            "members.4": "philandstuff",
                            "members.5": "chrisholmes",
                            "members.6": "thomasalanlee",
                            "members.7": "mmhmm",
                            "members.8": "tlwr",
                            "members.9": "kerrr",
                            "name": "verify-tech-team-approvers",
                            "permission": "pull",
                            "privacy": "closed",
                            "slug": "verify-tech-team-approvers"
                        },
                        "meta": {},
                        "tainted": false
                    },
                    "deposed": [],
                    "provider": "provider.github"
                },
                "data.github_team.tech_team": {
                    "type": "github_team",
                    "depends_on": [],
                    "primary": {
                        "id": "2830432",
                        "attributes": {
                            "description": "Verify Tech Team",
                            "id": "2830432",
                            "members.#": "30",
                            "members.0": "idrop",
                            "members.1": "46bit",
                            "members.10": "kerrr",
                            "members.11": "zilnhoj",
                            "members.12": "Todai88",
                            "members.13": "robinmitra",
                            "members.14": "brenetic",
                            "members.15": "nacnudus",
                            "members.16": "CharlesIC",
                            "members.17": "jkunle",
                            "members.18": "sakisv",
                            "members.19": "stephengrier",
                            "members.2": "galund",
                            "members.20": "Rosa-Fox",
                            "members.21": "AnneCarr",
                            "members.22": "ida-build-bot",
                            "members.23": "chrisclayson",
                            "members.24": "smford",
                            "members.25": "blairboy362",
                            "members.26": "Wynndow",
                            "members.27": "andy-paine",
                            "members.28": "tomrosier",
                            "members.29": "bjgill",
                            "members.3": "issyl0",
                            "members.4": "mrwilson",
                            "members.5": "philandstuff",
                            "members.6": "chrisholmes",
                            "members.7": "thomasalanlee",
                            "members.8": "mmhmm",
                            "members.9": "tlwr",
                            "name": "verify-tech-team",
                            "permission": "pull",
                            "privacy": "closed",
                            "slug": "verify-tech-team"
                        },
                        "meta": {},
                        "tainted": false
                    },
                    "deposed": [],
                    "provider": "provider.github"
                },
                "github_team_membership.team_membership.0": {
                    "type": "github_team_membership",
                    "depends_on": [],
                    "primary": {
                        "id": "2826122:johnwattsgds",
                        "attributes": {
                            "etag": "W/\"e50c209e538bca26d9f8e0b6af4f00e7\"",
                            "id": "2826122:johnwattsgds",
                            "role": "member",
                            "team_id": "2826122",
                            "username": "JohnWattsGDS"
                        },
                        "meta": {},
                        "tainted": false
                    },
                    "deposed": [],
                    "provider": "provider.github"
                },
                "github_team_membership.team_membership.1": {
                    "type": "github_team_membership",
                    "depends_on": [],
                    "primary": {
                        "id": "2826126:JohnWattsGDS",
                        "attributes": {
                            "etag": "W/\"76b320755a0d72caf2778a1013855330\"",
                            "id": "2826126:JohnWattsGDS",
                            "role": "member",
                            "team_id": "2826126",
                            "username": "JohnWattsGDS"
                        },
                        "meta": {},
                        "tainted": false
                    },
                    "deposed": [],
                    "provider": "provider.github"
                },
                "github_team_membership.tech_team_approver": {
                    "type": "github_team_membership",
                    "depends_on": [
                        "data.github_team.approvers_team"
                    ],
                    "primary": {
                        "id": "3101758:JohnWattsGDS",
                        "attributes": {
                            "etag": "W/\"1965ad6a6e924ba3683c9eb6b9a63669\"",
                            "id": "3101758:JohnWattsGDS",
                            "role": "member",
                            "team_id": "3101758",
                            "username": "JohnWattsGDS"
                        },
                        "meta": {},
                        "tainted": false
                    },
                    "deposed": [],
                    "provider": "provider.github"
                }
            },
            "depends_on": []
        },
        {
            "path": [
                "root",
                "user_jstandring_gds"
            ],
            "outputs": {},
            "resources": {
                "data.github_team.approvers_team": {
                    "type": "github_team",
                    "depends_on": [],
                    "primary": {
                        "id": "3101758",
                        "attributes": {
                            "description": "Verify tech team: verify-tech-team-approvers",
                            "id": "3101758",
                            "members.#": "30",
                            "members.0": "idrop",
                            "members.1": "46bit",
                            "members.10": "robinmitra",
                            "members.11": "brenetic",
                            "members.12": "CharlesIC",
                            "members.13": "sakisv",
                            "members.14": "Rosa-Fox",
                            "members.15": "chrisclayson",
                            "members.16": "smford",
                            "members.17": "blairboy362",
                            "members.18": "Wynndow",
                            "members.19": "andy-paine",
                            "members.2": "galund",
                            "members.20": "tomrosier",
                            "members.21": "bjgill",
                            "members.22": "bravegrape",
                            "members.23": "jstandring-gds",
                            "members.24": "mhussein-gds",
                            "members.25": "adityapahuja",
                            "members.26": "rhowe-gds",
                            "members.27": "AmritSidhu",
                            "members.28": "alan-gds",
                            "members.29": "jakubmiarka",
                            "members.3": "issyl0",
                            "members.4": "philandstuff",
                            "members.5": "chrisholmes",
                            "members.6": "thomasalanlee",
                            "members.7": "mmhmm",
                            "members.8": "tlwr",
                            "members.9": "kerrr",
                            "name": "verify-tech-team-approvers",
                            "permission": "pull",
                            "privacy": "closed",
                            "slug": "verify-tech-team-approvers"
                        },
                        "meta": {},
                        "tainted": false
                    },
                    "deposed": [],
                    "provider": "provider.github"
                },
                "data.github_team.tech_team": {
                    "type": "github_team",
                    "depends_on": [],
                    "primary": {
                        "id": "2830432",
                        "attributes": {
                            "description": "Verify Tech Team",
                            "id": "2830432",
                            "members.#": "30",
                            "members.0": "idrop",
                            "members.1": "46bit",
                            "members.10": "kerrr",
                            "members.11": "zilnhoj",
                            "members.12": "Todai88",
                            "members.13": "robinmitra",
                            "members.14": "brenetic",
                            "members.15": "nacnudus",
                            "members.16": "CharlesIC",
                            "members.17": "jkunle",
                            "members.18": "sakisv",
                            "members.19": "stephengrier",
                            "members.2": "galund",
                            "members.20": "Rosa-Fox",
                            "members.21": "AnneCarr",
                            "members.22": "ida-build-bot",
                            "members.23": "chrisclayson",
                            "members.24": "smford",
                            "members.25": "blairboy362",
                            "members.26": "Wynndow",
                            "members.27": "andy-paine",
                            "members.28": "tomrosier",
                            "members.29": "bjgill",
                            "members.3": "issyl0",
                            "members.4": "mrwilson",
                            "members.5": "philandstuff",
                            "members.6": "chrisholmes",
                            "members.7": "thomasalanlee",
                            "members.8": "mmhmm",
                            "members.9": "tlwr",
                            "name": "verify-tech-team",
                            "permission": "pull",
                            "privacy": "closed",
                            "slug": "verify-tech-team"
                        },
                        "meta": {},
                        "tainted": false
                    },
                    "deposed": [],
                    "provider": "provider.github"
                },
                "github_team_membership.team_membership": {
                    "type": "github_team_membership",
                    "depends_on": [],
                    "primary": {
                        "id": "2826127:jstandring-gds",
                        "attributes": {
                            "etag": "W/\"bd7e92191f7cba3ae7eb4afb187e0130\"",
                            "id": "2826127:jstandring-gds",
                            "role": "member",
                            "team_id": "2826127",
                            "username": "jstandring-gds"
                        },
                        "meta": {},
                        "tainted": false
                    },
                    "deposed": [],
                    "provider": "provider.github"
                },
                "github_team_membership.tech_team_approver": {
                    "type": "github_team_membership",
                    "depends_on": [
                        "data.github_team.approvers_team"
                    ],
                    "primary": {
                        "id": "3101758:jstandring-gds",
                        "attributes": {
                            "etag": "W/\"907f3462aeff1c7c8e02dfd7a8098125\"",
                            "id": "3101758:jstandring-gds",
                            "role": "member",
                            "team_id": "3101758",
                            "username": "jstandring-gds"
                        },
                        "meta": {},
                        "tainted": false
                    },
                    "deposed": [],
                    "provider": "provider.github"
                }
            },
            "depends_on": []
        },
        {
            "path": [
                "root",
                "user_kerrr"
            ],
            "outputs": {},
            "resources": {
                "data.github_team.approvers_team": {
                    "type": "github_team",
                    "depends_on": [],
                    "primary": {
                        "id": "3101758",
                        "attributes": {
                            "description": "Verify tech team: verify-tech-team-approvers",
                            "id": "3101758",
                            "members.#": "30",
                            "members.0": "idrop",
                            "members.1": "46bit",
                            "members.10": "robinmitra",
                            "members.11": "brenetic",
                            "members.12": "CharlesIC",
                            "members.13": "sakisv",
                            "members.14": "Rosa-Fox",
                            "members.15": "chrisclayson",
                            "members.16": "smford",
                            "members.17": "blairboy362",
                            "members.18": "Wynndow",
                            "members.19": "andy-paine",
                            "members.2": "galund",
                            "members.20": "tomrosier",
                            "members.21": "bjgill",
                            "members.22": "bravegrape",
                            "members.23": "jstandring-gds",
                            "members.24": "mhussein-gds",
                            "members.25": "adityapahuja",
                            "members.26": "rhowe-gds",
                            "members.27": "AmritSidhu",
                            "members.28": "alan-gds",
                            "members.29": "jakubmiarka",
                            "members.3": "issyl0",
                            "members.4": "philandstuff",
                            "members.5": "chrisholmes",
                            "members.6": "thomasalanlee",
                            "members.7": "mmhmm",
                            "members.8": "tlwr",
                            "members.9": "kerrr",
                            "name": "verify-tech-team-approvers",
                            "permission": "pull",
                            "privacy": "closed",
                            "slug": "verify-tech-team-approvers"
                        },
                        "meta": {},
                        "tainted": false
                    },
                    "deposed": [],
                    "provider": "provider.github"
                },
                "data.github_team.tech_team": {
                    "type": "github_team",
                    "depends_on": [],
                    "primary": {
                        "id": "2830432",
                        "attributes": {
                            "description": "Verify Tech Team",
                            "id": "2830432",
                            "members.#": "30",
                            "members.0": "idrop",
                            "members.1": "46bit",
                            "members.10": "kerrr",
                            "members.11": "zilnhoj",
                            "members.12": "Todai88",
                            "members.13": "robinmitra",
                            "members.14": "brenetic",
                            "members.15": "nacnudus",
                            "members.16": "CharlesIC",
                            "members.17": "jkunle",
                            "members.18": "sakisv",
                            "members.19": "stephengrier",
                            "members.2": "galund",
                            "members.20": "Rosa-Fox",
                            "members.21": "AnneCarr",
                            "members.22": "ida-build-bot",
                            "members.23": "chrisclayson",
                            "members.24": "smford",
                            "members.25": "blairboy362",
                            "members.26": "Wynndow",
                            "members.27": "andy-paine",
                            "members.28": "tomrosier",
                            "members.29": "bjgill",
                            "members.3": "issyl0",
                            "members.4": "mrwilson",
                            "members.5": "philandstuff",
                            "members.6": "chrisholmes",
                            "members.7": "thomasalanlee",
                            "members.8": "mmhmm",
                            "members.9": "tlwr",
                            "name": "verify-tech-team",
                            "permission": "pull",
                            "privacy": "closed",
                            "slug": "verify-tech-team"
                        },
                        "meta": {},
                        "tainted": false
                    },
                    "deposed": [],
                    "provider": "provider.github"
                },
                "github_team_membership.team_membership": {
                    "type": "github_team_membership",
                    "depends_on": [],
                    "primary": {
                        "id": "2826122:kerrr",
                        "attributes": {
                            "etag": "W/\"3392db46801ecc43f32b45ba360ba9d7\"",
                            "id": "2826122:kerrr",
                            "role": "member",
                            "team_id": "2826122",
                            "username": "kerrr"
                        },
                        "meta": {},
                        "tainted": false
                    },
                    "deposed": [],
                    "provider": "provider.github"
                },
                "github_team_membership.tech_team_approver": {
                    "type": "github_team_membership",
                    "depends_on": [
                        "data.github_team.approvers_team"
                    ],
                    "primary": {
                        "id": "3101758:kerrr",
                        "attributes": {
                            "etag": "W/\"bf6788d989f2b0349c9b189cdb218d5f\"",
                            "id": "3101758:kerrr",
                            "role": "member",
                            "team_id": "3101758",
                            "username": "kerrr"
                        },
                        "meta": {},
                        "tainted": false
                    },
                    "deposed": [],
                    "provider": "provider.github"
                }
            },
            "depends_on": []
        },
        {
            "path": [
                "root",
                "user_mariaslo"
            ],
            "outputs": {},
            "resources": {
                "data.github_team.approvers_team": {
                    "type": "github_team",
                    "depends_on": [],
                    "primary": {
                        "id": "3101758",
                        "attributes": {
                            "description": "Verify tech team: verify-tech-team-approvers",
                            "id": "3101758",
                            "members.#": "30",
                            "members.0": "idrop",
                            "members.1": "46bit",
                            "members.10": "robinmitra",
                            "members.11": "brenetic",
                            "members.12": "CharlesIC",
                            "members.13": "sakisv",
                            "members.14": "Rosa-Fox",
                            "members.15": "chrisclayson",
                            "members.16": "smford",
                            "members.17": "blairboy362",
                            "members.18": "Wynndow",
                            "members.19": "andy-paine",
                            "members.2": "galund",
                            "members.20": "tomrosier",
                            "members.21": "bjgill",
                            "members.22": "bravegrape",
                            "members.23": "jstandring-gds",
                            "members.24": "mhussein-gds",
                            "members.25": "adityapahuja",
                            "members.26": "rhowe-gds",
                            "members.27": "AmritSidhu",
                            "members.28": "alan-gds",
                            "members.29": "jakubmiarka",
                            "members.3": "issyl0",
                            "members.4": "philandstuff",
                            "members.5": "chrisholmes",
                            "members.6": "thomasalanlee",
                            "members.7": "mmhmm",
                            "members.8": "tlwr",
                            "members.9": "kerrr",
                            "name": "verify-tech-team-approvers",
                            "permission": "pull",
                            "privacy": "closed",
                            "slug": "verify-tech-team-approvers"
                        },
                        "meta": {},
                        "tainted": false
                    },
                    "deposed": [],
                    "provider": "provider.github"
                },
                "data.github_team.tech_team": {
                    "type": "github_team",
                    "depends_on": [],
                    "primary": {
                        "id": "2830432",
                        "attributes": {
                            "description": "Verify Tech Team",
                            "id": "2830432",
                            "members.#": "30",
                            "members.0": "idrop",
                            "members.1": "46bit",
                            "members.10": "kerrr",
                            "members.11": "zilnhoj",
                            "members.12": "Todai88",
                            "members.13": "robinmitra",
                            "members.14": "brenetic",
                            "members.15": "nacnudus",
                            "members.16": "CharlesIC",
                            "members.17": "jkunle",
                            "members.18": "sakisv",
                            "members.19": "stephengrier",
                            "members.2": "galund",
                            "members.20": "Rosa-Fox",
                            "members.21": "AnneCarr",
                            "members.22": "ida-build-bot",
                            "members.23": "chrisclayson",
                            "members.24": "smford",
                            "members.25": "blairboy362",
                            "members.26": "Wynndow",
                            "members.27": "andy-paine",
                            "members.28": "tomrosier",
                            "members.29": "bjgill",
                            "members.3": "issyl0",
                            "members.4": "mrwilson",
                            "members.5": "philandstuff",
                            "members.6": "chrisholmes",
                            "members.7": "thomasalanlee",
                            "members.8": "mmhmm",
                            "members.9": "tlwr",
                            "name": "verify-tech-team",
                            "permission": "pull",
                            "privacy": "closed",
                            "slug": "verify-tech-team"
                        },
                        "meta": {},
                        "tainted": false
                    },
                    "deposed": [],
                    "provider": "provider.github"
                },
                "github_team_membership.team_membership": {
                    "type": "github_team_membership",
                    "depends_on": [],
                    "primary": {
                        "id": "2826122:Mariaslo",
                        "attributes": {
                            "etag": "W/\"0a97c5ab670ecdf4e86e94f0aace23c4\"",
                            "id": "2826122:Mariaslo",
                            "role": "member",
                            "team_id": "2826122",
                            "username": "Mariaslo"
                        },
                        "meta": {},
                        "tainted": false
                    },
                    "deposed": [],
                    "provider": "provider.github"
                }
            },
            "depends_on": []
        },
        {
            "path": [
                "root",
                "user_mhussein_gds"
            ],
            "outputs": {},
            "resources": {
                "data.github_team.approvers_team": {
                    "type": "github_team",
                    "depends_on": [],
                    "primary": {
                        "id": "3101758",
                        "attributes": {
                            "description": "Verify tech team: verify-tech-team-approvers",
                            "id": "3101758",
                            "members.#": "30",
                            "members.0": "idrop",
                            "members.1": "46bit",
                            "members.10": "robinmitra",
                            "members.11": "brenetic",
                            "members.12": "CharlesIC",
                            "members.13": "sakisv",
                            "members.14": "Rosa-Fox",
                            "members.15": "chrisclayson",
                            "members.16": "smford",
                            "members.17": "blairboy362",
                            "members.18": "Wynndow",
                            "members.19": "andy-paine",
                            "members.2": "galund",
                            "members.20": "tomrosier",
                            "members.21": "bjgill",
                            "members.22": "bravegrape",
                            "members.23": "jstandring-gds",
                            "members.24": "mhussein-gds",
                            "members.25": "adityapahuja",
                            "members.26": "rhowe-gds",
                            "members.27": "AmritSidhu",
                            "members.28": "alan-gds",
                            "members.29": "jakubmiarka",
                            "members.3": "issyl0",
                            "members.4": "philandstuff",
                            "members.5": "chrisholmes",
                            "members.6": "thomasalanlee",
                            "members.7": "mmhmm",
                            "members.8": "tlwr",
                            "members.9": "kerrr",
                            "name": "verify-tech-team-approvers",
                            "permission": "pull",
                            "privacy": "closed",
                            "slug": "verify-tech-team-approvers"
                        },
                        "meta": {},
                        "tainted": false
                    },
                    "deposed": [],
                    "provider": "provider.github"
                },
                "data.github_team.tech_team": {
                    "type": "github_team",
                    "depends_on": [],
                    "primary": {
                        "id": "2830432",
                        "attributes": {
                            "description": "Verify Tech Team",
                            "id": "2830432",
                            "members.#": "30",
                            "members.0": "idrop",
                            "members.1": "46bit",
                            "members.10": "kerrr",
                            "members.11": "zilnhoj",
                            "members.12": "Todai88",
                            "members.13": "robinmitra",
                            "members.14": "brenetic",
                            "members.15": "nacnudus",
                            "members.16": "CharlesIC",
                            "members.17": "jkunle",
                            "members.18": "sakisv",
                            "members.19": "stephengrier",
                            "members.2": "galund",
                            "members.20": "Rosa-Fox",
                            "members.21": "AnneCarr",
                            "members.22": "ida-build-bot",
                            "members.23": "chrisclayson",
                            "members.24": "smford",
                            "members.25": "blairboy362",
                            "members.26": "Wynndow",
                            "members.27": "andy-paine",
                            "members.28": "tomrosier",
                            "members.29": "bjgill",
                            "members.3": "issyl0",
                            "members.4": "mrwilson",
                            "members.5": "philandstuff",
                            "members.6": "chrisholmes",
                            "members.7": "thomasalanlee",
                            "members.8": "mmhmm",
                            "members.9": "tlwr",
                            "name": "verify-tech-team",
                            "permission": "pull",
                            "privacy": "closed",
                            "slug": "verify-tech-team"
                        },
                        "meta": {},
                        "tainted": false
                    },
                    "deposed": [],
                    "provider": "provider.github"
                },
                "github_team_membership.team_membership": {
                    "type": "github_team_membership",
                    "depends_on": [],
                    "primary": {
                        "id": "2826122:mhussein-gds",
                        "attributes": {
                            "etag": "W/\"f251f6b1edc27a9f0dbe4214f374bd8e\"",
                            "id": "2826122:mhussein-gds",
                            "role": "member",
                            "team_id": "2826122",
                            "username": "mhussein-gds"
                        },
                        "meta": {},
                        "tainted": false
                    },
                    "deposed": [],
                    "provider": "provider.github"
                },
                "github_team_membership.tech_team_approver": {
                    "type": "github_team_membership",
                    "depends_on": [
                        "data.github_team.approvers_team"
                    ],
                    "primary": {
                        "id": "3101758:mhussein-gds",
                        "attributes": {
                            "etag": "W/\"65e85d4425191deeb8d061b12df7feab\"",
                            "id": "3101758:mhussein-gds",
                            "role": "member",
                            "team_id": "3101758",
                            "username": "mhussein-gds"
                        },
                        "meta": {},
                        "tainted": false
                    },
                    "deposed": [],
                    "provider": "provider.github"
                }
            },
            "depends_on": []
        },
        {
            "path": [
                "root",
                "user_mmhmm"
            ],
            "outputs": {},
            "resources": {
                "data.github_team.approvers_team": {
                    "type": "github_team",
                    "depends_on": [],
                    "primary": {
                        "id": "3101758",
                        "attributes": {
                            "description": "Verify tech team: verify-tech-team-approvers",
                            "id": "3101758",
                            "members.#": "30",
                            "members.0": "idrop",
                            "members.1": "46bit",
                            "members.10": "robinmitra",
                            "members.11": "brenetic",
                            "members.12": "CharlesIC",
                            "members.13": "sakisv",
                            "members.14": "Rosa-Fox",
                            "members.15": "chrisclayson",
                            "members.16": "smford",
                            "members.17": "blairboy362",
                            "members.18": "Wynndow",
                            "members.19": "andy-paine",
                            "members.2": "galund",
                            "members.20": "tomrosier",
                            "members.21": "bjgill",
                            "members.22": "bravegrape",
                            "members.23": "jstandring-gds",
                            "members.24": "mhussein-gds",
                            "members.25": "adityapahuja",
                            "members.26": "rhowe-gds",
                            "members.27": "AmritSidhu",
                            "members.28": "alan-gds",
                            "members.29": "jakubmiarka",
                            "members.3": "issyl0",
                            "members.4": "philandstuff",
                            "members.5": "chrisholmes",
                            "members.6": "thomasalanlee",
                            "members.7": "mmhmm",
                            "members.8": "tlwr",
                            "members.9": "kerrr",
                            "name": "verify-tech-team-approvers",
                            "permission": "pull",
                            "privacy": "closed",
                            "slug": "verify-tech-team-approvers"
                        },
                        "meta": {},
                        "tainted": false
                    },
                    "deposed": [],
                    "provider": "provider.github"
                },
                "data.github_team.tech_team": {
                    "type": "github_team",
                    "depends_on": [],
                    "primary": {
                        "id": "2830432",
                        "attributes": {
                            "description": "Verify Tech Team",
                            "id": "2830432",
                            "members.#": "30",
                            "members.0": "idrop",
                            "members.1": "46bit",
                            "members.10": "kerrr",
                            "members.11": "zilnhoj",
                            "members.12": "Todai88",
                            "members.13": "robinmitra",
                            "members.14": "brenetic",
                            "members.15": "nacnudus",
                            "members.16": "CharlesIC",
                            "members.17": "jkunle",
                            "members.18": "sakisv",
                            "members.19": "stephengrier",
                            "members.2": "galund",
                            "members.20": "Rosa-Fox",
                            "members.21": "AnneCarr",
                            "members.22": "ida-build-bot",
                            "members.23": "chrisclayson",
                            "members.24": "smford",
                            "members.25": "blairboy362",
                            "members.26": "Wynndow",
                            "members.27": "andy-paine",
                            "members.28": "tomrosier",
                            "members.29": "bjgill",
                            "members.3": "issyl0",
                            "members.4": "mrwilson",
                            "members.5": "philandstuff",
                            "members.6": "chrisholmes",
                            "members.7": "thomasalanlee",
                            "members.8": "mmhmm",
                            "members.9": "tlwr",
                            "name": "verify-tech-team",
                            "permission": "pull",
                            "privacy": "closed",
                            "slug": "verify-tech-team"
                        },
                        "meta": {},
                        "tainted": false
                    },
                    "deposed": [],
                    "provider": "provider.github"
                },
                "github_team_membership.team_membership": {
                    "type": "github_team_membership",
                    "depends_on": [],
                    "primary": {
                        "id": "2826127:mmhmm",
                        "attributes": {
                            "etag": "W/\"d1f27bb02a126b5c4630a8bfcc901a37\"",
                            "id": "2826127:mmhmm",
                            "role": "member",
                            "team_id": "2826127",
                            "username": "mmhmm"
                        },
                        "meta": {},
                        "tainted": false
                    },
                    "deposed": [],
                    "provider": "provider.github"
                },
                "github_team_membership.tech_team_approver": {
                    "type": "github_team_membership",
                    "depends_on": [
                        "data.github_team.approvers_team"
                    ],
                    "primary": {
                        "id": "3101758:mmhmm",
                        "attributes": {
                            "etag": "W/\"5edd37c6c80a1f3a326899e11d40383a\"",
                            "id": "3101758:mmhmm",
                            "role": "member",
                            "team_id": "3101758",
                            "username": "mmhmm"
                        },
                        "meta": {},
                        "tainted": false
                    },
                    "deposed": [],
                    "provider": "provider.github"
                }
            },
            "depends_on": []
        },
        {
            "path": [
                "root",
                "user_mrwilson"
            ],
            "outputs": {},
            "resources": {
                "data.github_team.approvers_team": {
                    "type": "github_team",
                    "depends_on": [],
                    "primary": {
                        "id": "3101758",
                        "attributes": {
                            "description": "Verify tech team: verify-tech-team-approvers",
                            "id": "3101758",
                            "members.#": "30",
                            "members.0": "idrop",
                            "members.1": "46bit",
                            "members.10": "robinmitra",
                            "members.11": "brenetic",
                            "members.12": "CharlesIC",
                            "members.13": "sakisv",
                            "members.14": "Rosa-Fox",
                            "members.15": "chrisclayson",
                            "members.16": "smford",
                            "members.17": "blairboy362",
                            "members.18": "Wynndow",
                            "members.19": "andy-paine",
                            "members.2": "galund",
                            "members.20": "tomrosier",
                            "members.21": "bjgill",
                            "members.22": "bravegrape",
                            "members.23": "jstandring-gds",
                            "members.24": "mhussein-gds",
                            "members.25": "adityapahuja",
                            "members.26": "rhowe-gds",
                            "members.27": "AmritSidhu",
                            "members.28": "alan-gds",
                            "members.29": "jakubmiarka",
                            "members.3": "issyl0",
                            "members.4": "philandstuff",
                            "members.5": "chrisholmes",
                            "members.6": "thomasalanlee",
                            "members.7": "mmhmm",
                            "members.8": "tlwr",
                            "members.9": "kerrr",
                            "name": "verify-tech-team-approvers",
                            "permission": "pull",
                            "privacy": "closed",
                            "slug": "verify-tech-team-approvers"
                        },
                        "meta": {},
                        "tainted": false
                    },
                    "deposed": [],
                    "provider": "provider.github"
                },
                "data.github_team.tech_team": {
                    "type": "github_team",
                    "depends_on": [],
                    "primary": {
                        "id": "2830432",
                        "attributes": {
                            "description": "Verify Tech Team",
                            "id": "2830432",
                            "members.#": "30",
                            "members.0": "idrop",
                            "members.1": "46bit",
                            "members.10": "kerrr",
                            "members.11": "zilnhoj",
                            "members.12": "Todai88",
                            "members.13": "robinmitra",
                            "members.14": "brenetic",
                            "members.15": "nacnudus",
                            "members.16": "CharlesIC",
                            "members.17": "jkunle",
                            "members.18": "sakisv",
                            "members.19": "stephengrier",
                            "members.2": "galund",
                            "members.20": "Rosa-Fox",
                            "members.21": "AnneCarr",
                            "members.22": "ida-build-bot",
                            "members.23": "chrisclayson",
                            "members.24": "smford",
                            "members.25": "blairboy362",
                            "members.26": "Wynndow",
                            "members.27": "andy-paine",
                            "members.28": "tomrosier",
                            "members.29": "bjgill",
                            "members.3": "issyl0",
                            "members.4": "mrwilson",
                            "members.5": "philandstuff",
                            "members.6": "chrisholmes",
                            "members.7": "thomasalanlee",
                            "members.8": "mmhmm",
                            "members.9": "tlwr",
                            "name": "verify-tech-team",
                            "permission": "pull",
                            "privacy": "closed",
                            "slug": "verify-tech-team"
                        },
                        "meta": {},
                        "tainted": false
                    },
                    "deposed": [],
                    "provider": "provider.github"
                },
                "github_team_membership.team_membership": {
                    "type": "github_team_membership",
                    "depends_on": [],
                    "primary": {
                        "id": "2826122:mrwilson",
                        "attributes": {
                            "etag": "W/\"2316d16284b19e6f56233b366fecdeee\"",
                            "id": "2826122:mrwilson",
                            "role": "member",
                            "team_id": "2826122",
                            "username": "mrwilson"
                        },
                        "meta": {},
                        "tainted": false
                    },
                    "deposed": [],
                    "provider": "provider.github"
                },
                "github_team_membership.tech_team_approver": {
                    "type": "github_team_membership",
                    "depends_on": [
                        "data.github_team.approvers_team"
                    ],
                    "primary": {
                        "id": "3101758:mrwilson",
                        "attributes": {
                            "etag": "W/\"b197a968ea50ac4f4d3dd3dd3b06de4a\"",
                            "id": "3101758:mrwilson",
                            "role": "member",
                            "team_id": "3101758",
                            "username": "mrwilson"
                        },
                        "meta": {},
                        "tainted": false
                    },
                    "deposed": [],
                    "provider": "provider.github"
                }
            },
            "depends_on": []
        },
        {
            "path": [
                "root",
                "user_nacnudus"
            ],
            "outputs": {},
            "resources": {
                "data.github_team.approvers_team": {
                    "type": "github_team",
                    "depends_on": [],
                    "primary": {
                        "id": "3101758",
                        "attributes": {
                            "description": "Verify tech team: verify-tech-team-approvers",
                            "id": "3101758",
                            "members.#": "30",
                            "members.0": "idrop",
                            "members.1": "46bit",
                            "members.10": "robinmitra",
                            "members.11": "brenetic",
                            "members.12": "CharlesIC",
                            "members.13": "sakisv",
                            "members.14": "Rosa-Fox",
                            "members.15": "chrisclayson",
                            "members.16": "smford",
                            "members.17": "blairboy362",
                            "members.18": "Wynndow",
                            "members.19": "andy-paine",
                            "members.2": "galund",
                            "members.20": "tomrosier",
                            "members.21": "bjgill",
                            "members.22": "bravegrape",
                            "members.23": "jstandring-gds",
                            "members.24": "mhussein-gds",
                            "members.25": "adityapahuja",
                            "members.26": "rhowe-gds",
                            "members.27": "AmritSidhu",
                            "members.28": "alan-gds",
                            "members.29": "jakubmiarka",
                            "members.3": "issyl0",
                            "members.4": "philandstuff",
                            "members.5": "chrisholmes",
                            "members.6": "thomasalanlee",
                            "members.7": "mmhmm",
                            "members.8": "tlwr",
                            "members.9": "kerrr",
                            "name": "verify-tech-team-approvers",
                            "permission": "pull",
                            "privacy": "closed",
                            "slug": "verify-tech-team-approvers"
                        },
                        "meta": {},
                        "tainted": false
                    },
                    "deposed": [],
                    "provider": "provider.github"
                },
                "data.github_team.tech_team": {
                    "type": "github_team",
                    "depends_on": [],
                    "primary": {
                        "id": "2830432",
                        "attributes": {
                            "description": "Verify Tech Team",
                            "id": "2830432",
                            "members.#": "30",
                            "members.0": "idrop",
                            "members.1": "46bit",
                            "members.10": "kerrr",
                            "members.11": "zilnhoj",
                            "members.12": "Todai88",
                            "members.13": "robinmitra",
                            "members.14": "brenetic",
                            "members.15": "nacnudus",
                            "members.16": "CharlesIC",
                            "members.17": "jkunle",
                            "members.18": "sakisv",
                            "members.19": "stephengrier",
                            "members.2": "galund",
                            "members.20": "Rosa-Fox",
                            "members.21": "AnneCarr",
                            "members.22": "ida-build-bot",
                            "members.23": "chrisclayson",
                            "members.24": "smford",
                            "members.25": "blairboy362",
                            "members.26": "Wynndow",
                            "members.27": "andy-paine",
                            "members.28": "tomrosier",
                            "members.29": "bjgill",
                            "members.3": "issyl0",
                            "members.4": "mrwilson",
                            "members.5": "philandstuff",
                            "members.6": "chrisholmes",
                            "members.7": "thomasalanlee",
                            "members.8": "mmhmm",
                            "members.9": "tlwr",
                            "name": "verify-tech-team",
                            "permission": "pull",
                            "privacy": "closed",
                            "slug": "verify-tech-team"
                        },
                        "meta": {},
                        "tainted": false
                    },
                    "deposed": [],
                    "provider": "provider.github"
                },
                "github_team_membership.team_membership": {
                    "type": "github_team_membership",
                    "depends_on": [],
                    "primary": {
                        "id": "2826122:nacnudus",
                        "attributes": {
                            "etag": "W/\"f6a6dea73d3e9f302a01f6b4b31d0b7f\"",
                            "id": "2826122:nacnudus",
                            "role": "member",
                            "team_id": "2826122",
                            "username": "nacnudus"
                        },
                        "meta": {},
                        "tainted": false
                    },
                    "deposed": [],
                    "provider": "provider.github"
                }
            },
            "depends_on": []
        },
        {
            "path": [
                "root",
                "user_philandstuff"
            ],
            "outputs": {},
            "resources": {
                "data.github_team.approvers_team": {
                    "type": "github_team",
                    "depends_on": [],
                    "primary": {
                        "id": "3101758",
                        "attributes": {
                            "description": "Verify tech team: verify-tech-team-approvers",
                            "id": "3101758",
                            "members.#": "30",
                            "members.0": "idrop",
                            "members.1": "46bit",
                            "members.10": "robinmitra",
                            "members.11": "brenetic",
                            "members.12": "CharlesIC",
                            "members.13": "sakisv",
                            "members.14": "Rosa-Fox",
                            "members.15": "chrisclayson",
                            "members.16": "smford",
                            "members.17": "blairboy362",
                            "members.18": "Wynndow",
                            "members.19": "andy-paine",
                            "members.2": "galund",
                            "members.20": "tomrosier",
                            "members.21": "bjgill",
                            "members.22": "bravegrape",
                            "members.23": "jstandring-gds",
                            "members.24": "mhussein-gds",
                            "members.25": "adityapahuja",
                            "members.26": "rhowe-gds",
                            "members.27": "AmritSidhu",
                            "members.28": "alan-gds",
                            "members.29": "jakubmiarka",
                            "members.3": "issyl0",
                            "members.4": "philandstuff",
                            "members.5": "chrisholmes",
                            "members.6": "thomasalanlee",
                            "members.7": "mmhmm",
                            "members.8": "tlwr",
                            "members.9": "kerrr",
                            "name": "verify-tech-team-approvers",
                            "permission": "pull",
                            "privacy": "closed",
                            "slug": "verify-tech-team-approvers"
                        },
                        "meta": {},
                        "tainted": false
                    },
                    "deposed": [],
                    "provider": "provider.github"
                },
                "data.github_team.tech_team": {
                    "type": "github_team",
                    "depends_on": [],
                    "primary": {
                        "id": "2830432",
                        "attributes": {
                            "description": "Verify Tech Team",
                            "id": "2830432",
                            "members.#": "30",
                            "members.0": "idrop",
                            "members.1": "46bit",
                            "members.10": "kerrr",
                            "members.11": "zilnhoj",
                            "members.12": "Todai88",
                            "members.13": "robinmitra",
                            "members.14": "brenetic",
                            "members.15": "nacnudus",
                            "members.16": "CharlesIC",
                            "members.17": "jkunle",
                            "members.18": "sakisv",
                            "members.19": "stephengrier",
                            "members.2": "galund",
                            "members.20": "Rosa-Fox",
                            "members.21": "AnneCarr",
                            "members.22": "ida-build-bot",
                            "members.23": "chrisclayson",
                            "members.24": "smford",
                            "members.25": "blairboy362",
                            "members.26": "Wynndow",
                            "members.27": "andy-paine",
                            "members.28": "tomrosier",
                            "members.29": "bjgill",
                            "members.3": "issyl0",
                            "members.4": "mrwilson",
                            "members.5": "philandstuff",
                            "members.6": "chrisholmes",
                            "members.7": "thomasalanlee",
                            "members.8": "mmhmm",
                            "members.9": "tlwr",
                            "name": "verify-tech-team",
                            "permission": "pull",
                            "privacy": "closed",
                            "slug": "verify-tech-team"
                        },
                        "meta": {},
                        "tainted": false
                    },
                    "deposed": [],
                    "provider": "provider.github"
                },
                "github_team_membership.team_membership.0": {
                    "type": "github_team_membership",
                    "depends_on": [],
                    "primary": {
                        "id": "2826122:philandstuff",
                        "attributes": {
                            "etag": "W/\"e1952c679a150f9a2562cadec1a4800f\"",
                            "id": "2826122:philandstuff",
                            "role": "member",
                            "team_id": "2826122",
                            "username": "philandstuff"
                        },
                        "meta": {},
                        "tainted": false
                    },
                    "deposed": [],
                    "provider": "provider.github"
                },
                "github_team_membership.team_membership.1": {
                    "type": "github_team_membership",
                    "depends_on": [],
                    "primary": {
                        "id": "2826127:philandstuff",
                        "attributes": {
                            "etag": "W/\"bf26a6d1c14909157045d150286be93a\"",
                            "id": "2826127:philandstuff",
                            "role": "member",
                            "team_id": "2826127",
                            "username": "philandstuff"
                        },
                        "meta": {},
                        "tainted": false
                    },
                    "deposed": [],
                    "provider": "provider.github"
                },
                "github_team_membership.tech_team_approver": {
                    "type": "github_team_membership",
                    "depends_on": [
                        "data.github_team.approvers_team"
                    ],
                    "primary": {
                        "id": "3101758:philandstuff",
                        "attributes": {
                            "etag": "W/\"c0a9cd5d9ea9870f014c9e201cdd13e0\"",
                            "id": "3101758:philandstuff",
                            "role": "member",
                            "team_id": "3101758",
                            "username": "philandstuff"
                        },
                        "meta": {},
                        "tainted": false
                    },
                    "deposed": [],
                    "provider": "provider.github"
                }
            },
            "depends_on": []
        },
        {
            "path": [
                "root",
                "user_racinghippo"
            ],
            "outputs": {},
            "resources": {
                "data.github_team.approvers_team": {
                    "type": "github_team",
                    "depends_on": [],
                    "primary": {
                        "id": "3101758",
                        "attributes": {
                            "description": "Verify tech team: verify-tech-team-approvers",
                            "id": "3101758",
                            "members.#": "30",
                            "members.0": "idrop",
                            "members.1": "46bit",
                            "members.10": "robinmitra",
                            "members.11": "brenetic",
                            "members.12": "CharlesIC",
                            "members.13": "sakisv",
                            "members.14": "Rosa-Fox",
                            "members.15": "chrisclayson",
                            "members.16": "smford",
                            "members.17": "blairboy362",
                            "members.18": "Wynndow",
                            "members.19": "andy-paine",
                            "members.2": "galund",
                            "members.20": "tomrosier",
                            "members.21": "bjgill",
                            "members.22": "bravegrape",
                            "members.23": "jstandring-gds",
                            "members.24": "mhussein-gds",
                            "members.25": "adityapahuja",
                            "members.26": "rhowe-gds",
                            "members.27": "AmritSidhu",
                            "members.28": "alan-gds",
                            "members.29": "jakubmiarka",
                            "members.3": "issyl0",
                            "members.4": "philandstuff",
                            "members.5": "chrisholmes",
                            "members.6": "thomasalanlee",
                            "members.7": "mmhmm",
                            "members.8": "tlwr",
                            "members.9": "kerrr",
                            "name": "verify-tech-team-approvers",
                            "permission": "pull",
                            "privacy": "closed",
                            "slug": "verify-tech-team-approvers"
                        },
                        "meta": {},
                        "tainted": false
                    },
                    "deposed": [],
                    "provider": "provider.github"
                },
                "data.github_team.tech_team": {
                    "type": "github_team",
                    "depends_on": [],
                    "primary": {
                        "id": "2830432",
                        "attributes": {
                            "description": "Verify Tech Team",
                            "id": "2830432",
                            "members.#": "30",
                            "members.0": "idrop",
                            "members.1": "46bit",
                            "members.10": "kerrr",
                            "members.11": "zilnhoj",
                            "members.12": "Todai88",
                            "members.13": "robinmitra",
                            "members.14": "brenetic",
                            "members.15": "nacnudus",
                            "members.16": "CharlesIC",
                            "members.17": "jkunle",
                            "members.18": "sakisv",
                            "members.19": "stephengrier",
                            "members.2": "galund",
                            "members.20": "Rosa-Fox",
                            "members.21": "AnneCarr",
                            "members.22": "ida-build-bot",
                            "members.23": "chrisclayson",
                            "members.24": "smford",
                            "members.25": "blairboy362",
                            "members.26": "Wynndow",
                            "members.27": "andy-paine",
                            "members.28": "tomrosier",
                            "members.29": "bjgill",
                            "members.3": "issyl0",
                            "members.4": "mrwilson",
                            "members.5": "philandstuff",
                            "members.6": "chrisholmes",
                            "members.7": "thomasalanlee",
                            "members.8": "mmhmm",
                            "members.9": "tlwr",
                            "name": "verify-tech-team",
                            "permission": "pull",
                            "privacy": "closed",
                            "slug": "verify-tech-team"
                        },
                        "meta": {},
                        "tainted": false
                    },
                    "deposed": [],
                    "provider": "provider.github"
                },
                "github_team_membership.team_membership": {
                    "type": "github_team_membership",
                    "depends_on": [],
                    "primary": {
                        "id": "2826122:RacingHippo",
                        "attributes": {
                            "etag": "W/\"3f6d0116dbd0b4d1385b606219714c8b\"",
                            "id": "2826122:RacingHippo",
                            "role": "member",
                            "team_id": "2826122",
                            "username": "RacingHippo"
                        },
                        "meta": {},
                        "tainted": false
                    },
                    "deposed": [],
                    "provider": "provider.github"
                }
            },
            "depends_on": []
        },
        {
            "path": [
                "root",
                "user_rhowe_gds"
            ],
            "outputs": {},
            "resources": {
                "data.github_team.approvers_team": {
                    "type": "github_team",
                    "depends_on": [],
                    "primary": {
                        "id": "3101758",
                        "attributes": {
                            "description": "Verify tech team: verify-tech-team-approvers",
                            "id": "3101758",
                            "members.#": "30",
                            "members.0": "idrop",
                            "members.1": "46bit",
                            "members.10": "robinmitra",
                            "members.11": "brenetic",
                            "members.12": "CharlesIC",
                            "members.13": "sakisv",
                            "members.14": "Rosa-Fox",
                            "members.15": "chrisclayson",
                            "members.16": "smford",
                            "members.17": "blairboy362",
                            "members.18": "Wynndow",
                            "members.19": "andy-paine",
                            "members.2": "galund",
                            "members.20": "tomrosier",
                            "members.21": "bjgill",
                            "members.22": "bravegrape",
                            "members.23": "jstandring-gds",
                            "members.24": "mhussein-gds",
                            "members.25": "adityapahuja",
                            "members.26": "rhowe-gds",
                            "members.27": "AmritSidhu",
                            "members.28": "alan-gds",
                            "members.29": "jakubmiarka",
                            "members.3": "issyl0",
                            "members.4": "philandstuff",
                            "members.5": "chrisholmes",
                            "members.6": "thomasalanlee",
                            "members.7": "mmhmm",
                            "members.8": "tlwr",
                            "members.9": "kerrr",
                            "name": "verify-tech-team-approvers",
                            "permission": "pull",
                            "privacy": "closed",
                            "slug": "verify-tech-team-approvers"
                        },
                        "meta": {},
                        "tainted": false
                    },
                    "deposed": [],
                    "provider": "provider.github"
                },
                "data.github_team.tech_team": {
                    "type": "github_team",
                    "depends_on": [],
                    "primary": {
                        "id": "2830432",
                        "attributes": {
                            "description": "Verify Tech Team",
                            "id": "2830432",
                            "members.#": "30",
                            "members.0": "idrop",
                            "members.1": "46bit",
                            "members.10": "kerrr",
                            "members.11": "zilnhoj",
                            "members.12": "Todai88",
                            "members.13": "robinmitra",
                            "members.14": "brenetic",
                            "members.15": "nacnudus",
                            "members.16": "CharlesIC",
                            "members.17": "jkunle",
                            "members.18": "sakisv",
                            "members.19": "stephengrier",
                            "members.2": "galund",
                            "members.20": "Rosa-Fox",
                            "members.21": "AnneCarr",
                            "members.22": "ida-build-bot",
                            "members.23": "chrisclayson",
                            "members.24": "smford",
                            "members.25": "blairboy362",
                            "members.26": "Wynndow",
                            "members.27": "andy-paine",
                            "members.28": "tomrosier",
                            "members.29": "bjgill",
                            "members.3": "issyl0",
                            "members.4": "mrwilson",
                            "members.5": "philandstuff",
                            "members.6": "chrisholmes",
                            "members.7": "thomasalanlee",
                            "members.8": "mmhmm",
                            "members.9": "tlwr",
                            "name": "verify-tech-team",
                            "permission": "pull",
                            "privacy": "closed",
                            "slug": "verify-tech-team"
                        },
                        "meta": {},
                        "tainted": false
                    },
                    "deposed": [],
                    "provider": "provider.github"
                },
                "github_team_membership.team_membership.0": {
                    "type": "github_team_membership",
                    "depends_on": [],
                    "primary": {
                        "id": "2826122:rhowe-gds",
                        "attributes": {
                            "etag": "W/\"7bc617c4aeb66fda78c202876aedb63a\"",
                            "id": "2826122:rhowe-gds",
                            "role": "member",
                            "team_id": "2826122",
                            "username": "rhowe-gds"
                        },
                        "meta": {},
                        "tainted": false
                    },
                    "deposed": [],
                    "provider": "provider.github"
                },
                "github_team_membership.team_membership.1": {
                    "type": "github_team_membership",
                    "depends_on": [],
                    "primary": {
                        "id": "2826127:rhowe-gds",
                        "attributes": {
                            "etag": "W/\"39b24ea6c4b1a4a2420c14c96a483d50\"",
                            "id": "2826127:rhowe-gds",
                            "role": "member",
                            "team_id": "2826127",
                            "username": "rhowe-gds"
                        },
                        "meta": {},
                        "tainted": false
                    },
                    "deposed": [],
                    "provider": "provider.github"
                },
                "github_team_membership.tech_team_approver": {
                    "type": "github_team_membership",
                    "depends_on": [
                        "data.github_team.approvers_team"
                    ],
                    "primary": {
                        "id": "3101758:rhowe-gds",
                        "attributes": {
                            "etag": "W/\"5f4b477a7d4577ab8b1ceb518cf59d19\"",
                            "id": "3101758:rhowe-gds",
                            "role": "member",
                            "team_id": "3101758",
                            "username": "rhowe-gds"
                        },
                        "meta": {},
                        "tainted": false
                    },
                    "deposed": [],
                    "provider": "provider.github"
                }
            },
            "depends_on": []
        },
        {
            "path": [
                "root",
                "user_robinmitra"
            ],
            "outputs": {},
            "resources": {
                "data.github_team.approvers_team": {
                    "type": "github_team",
                    "depends_on": [],
                    "primary": {
                        "id": "3101758",
                        "attributes": {
                            "description": "Verify tech team: verify-tech-team-approvers",
                            "id": "3101758",
                            "members.#": "30",
                            "members.0": "idrop",
                            "members.1": "46bit",
                            "members.10": "robinmitra",
                            "members.11": "brenetic",
                            "members.12": "CharlesIC",
                            "members.13": "sakisv",
                            "members.14": "Rosa-Fox",
                            "members.15": "chrisclayson",
                            "members.16": "smford",
                            "members.17": "blairboy362",
                            "members.18": "Wynndow",
                            "members.19": "andy-paine",
                            "members.2": "galund",
                            "members.20": "tomrosier",
                            "members.21": "bjgill",
                            "members.22": "bravegrape",
                            "members.23": "jstandring-gds",
                            "members.24": "mhussein-gds",
                            "members.25": "adityapahuja",
                            "members.26": "rhowe-gds",
                            "members.27": "AmritSidhu",
                            "members.28": "alan-gds",
                            "members.29": "jakubmiarka",
                            "members.3": "issyl0",
                            "members.4": "philandstuff",
                            "members.5": "chrisholmes",
                            "members.6": "thomasalanlee",
                            "members.7": "mmhmm",
                            "members.8": "tlwr",
                            "members.9": "kerrr",
                            "name": "verify-tech-team-approvers",
                            "permission": "pull",
                            "privacy": "closed",
                            "slug": "verify-tech-team-approvers"
                        },
                        "meta": {},
                        "tainted": false
                    },
                    "deposed": [],
                    "provider": "provider.github"
                },
                "data.github_team.tech_team": {
                    "type": "github_team",
                    "depends_on": [],
                    "primary": {
                        "id": "2830432",
                        "attributes": {
                            "description": "Verify Tech Team",
                            "id": "2830432",
                            "members.#": "30",
                            "members.0": "idrop",
                            "members.1": "46bit",
                            "members.10": "kerrr",
                            "members.11": "zilnhoj",
                            "members.12": "Todai88",
                            "members.13": "robinmitra",
                            "members.14": "brenetic",
                            "members.15": "nacnudus",
                            "members.16": "CharlesIC",
                            "members.17": "jkunle",
                            "members.18": "sakisv",
                            "members.19": "stephengrier",
                            "members.2": "galund",
                            "members.20": "Rosa-Fox",
                            "members.21": "AnneCarr",
                            "members.22": "ida-build-bot",
                            "members.23": "chrisclayson",
                            "members.24": "smford",
                            "members.25": "blairboy362",
                            "members.26": "Wynndow",
                            "members.27": "andy-paine",
                            "members.28": "tomrosier",
                            "members.29": "bjgill",
                            "members.3": "issyl0",
                            "members.4": "mrwilson",
                            "members.5": "philandstuff",
                            "members.6": "chrisholmes",
                            "members.7": "thomasalanlee",
                            "members.8": "mmhmm",
                            "members.9": "tlwr",
                            "name": "verify-tech-team",
                            "permission": "pull",
                            "privacy": "closed",
                            "slug": "verify-tech-team"
                        },
                        "meta": {},
                        "tainted": false
                    },
                    "deposed": [],
                    "provider": "provider.github"
                },
                "github_team_membership.team_membership": {
                    "type": "github_team_membership",
                    "depends_on": [],
                    "primary": {
                        "id": "2826122:robinmitra",
                        "attributes": {
                            "etag": "W/\"ed319c0802679c21525909568e845b75\"",
                            "id": "2826122:robinmitra",
                            "role": "member",
                            "team_id": "2826122",
                            "username": "robinmitra"
                        },
                        "meta": {},
                        "tainted": false
                    },
                    "deposed": [],
                    "provider": "provider.github"
                },
                "github_team_membership.tech_team_approver": {
                    "type": "github_team_membership",
                    "depends_on": [
                        "data.github_team.approvers_team"
                    ],
                    "primary": {
                        "id": "3101758:robinmitra",
                        "attributes": {
                            "etag": "W/\"5b425c4d45c712c4be49fc32411066df\"",
                            "id": "3101758:robinmitra",
                            "role": "member",
                            "team_id": "3101758",
                            "username": "robinmitra"
                        },
                        "meta": {},
                        "tainted": false
                    },
                    "deposed": [],
                    "provider": "provider.github"
                }
            },
            "depends_on": []
        },
        {
            "path": [
                "root",
                "user_rosa_fox"
            ],
            "outputs": {},
            "resources": {
                "data.github_team.approvers_team": {
                    "type": "github_team",
                    "depends_on": [],
                    "primary": {
                        "id": "3101758",
                        "attributes": {
                            "description": "Verify tech team: verify-tech-team-approvers",
                            "id": "3101758",
                            "members.#": "30",
                            "members.0": "idrop",
                            "members.1": "46bit",
                            "members.10": "robinmitra",
                            "members.11": "brenetic",
                            "members.12": "CharlesIC",
                            "members.13": "sakisv",
                            "members.14": "Rosa-Fox",
                            "members.15": "chrisclayson",
                            "members.16": "smford",
                            "members.17": "blairboy362",
                            "members.18": "Wynndow",
                            "members.19": "andy-paine",
                            "members.2": "galund",
                            "members.20": "tomrosier",
                            "members.21": "bjgill",
                            "members.22": "bravegrape",
                            "members.23": "jstandring-gds",
                            "members.24": "mhussein-gds",
                            "members.25": "adityapahuja",
                            "members.26": "rhowe-gds",
                            "members.27": "AmritSidhu",
                            "members.28": "alan-gds",
                            "members.29": "jakubmiarka",
                            "members.3": "issyl0",
                            "members.4": "philandstuff",
                            "members.5": "chrisholmes",
                            "members.6": "thomasalanlee",
                            "members.7": "mmhmm",
                            "members.8": "tlwr",
                            "members.9": "kerrr",
                            "name": "verify-tech-team-approvers",
                            "permission": "pull",
                            "privacy": "closed",
                            "slug": "verify-tech-team-approvers"
                        },
                        "meta": {},
                        "tainted": false
                    },
                    "deposed": [],
                    "provider": "provider.github"
                },
                "data.github_team.tech_team": {
                    "type": "github_team",
                    "depends_on": [],
                    "primary": {
                        "id": "2830432",
                        "attributes": {
                            "description": "Verify Tech Team",
                            "id": "2830432",
                            "members.#": "30",
                            "members.0": "idrop",
                            "members.1": "46bit",
                            "members.10": "kerrr",
                            "members.11": "zilnhoj",
                            "members.12": "Todai88",
                            "members.13": "robinmitra",
                            "members.14": "brenetic",
                            "members.15": "nacnudus",
                            "members.16": "CharlesIC",
                            "members.17": "jkunle",
                            "members.18": "sakisv",
                            "members.19": "stephengrier",
                            "members.2": "galund",
                            "members.20": "Rosa-Fox",
                            "members.21": "AnneCarr",
                            "members.22": "ida-build-bot",
                            "members.23": "chrisclayson",
                            "members.24": "smford",
                            "members.25": "blairboy362",
                            "members.26": "Wynndow",
                            "members.27": "andy-paine",
                            "members.28": "tomrosier",
                            "members.29": "bjgill",
                            "members.3": "issyl0",
                            "members.4": "mrwilson",
                            "members.5": "philandstuff",
                            "members.6": "chrisholmes",
                            "members.7": "thomasalanlee",
                            "members.8": "mmhmm",
                            "members.9": "tlwr",
                            "name": "verify-tech-team",
                            "permission": "pull",
                            "privacy": "closed",
                            "slug": "verify-tech-team"
                        },
                        "meta": {},
                        "tainted": false
                    },
                    "deposed": [],
                    "provider": "provider.github"
                },
                "github_team_membership.team_membership": {
                    "type": "github_team_membership",
                    "depends_on": [],
                    "primary": {
                        "id": "2826122:Rosa-Fox",
                        "attributes": {
                            "etag": "W/\"812dbd8933e1a4f1f600d0c704dea954\"",
                            "id": "2826122:Rosa-Fox",
                            "role": "member",
                            "team_id": "2826122",
                            "username": "Rosa-Fox"
                        },
                        "meta": {},
                        "tainted": false
                    },
                    "deposed": [],
                    "provider": "provider.github"
                },
                "github_team_membership.tech_team_approver": {
                    "type": "github_team_membership",
                    "depends_on": [
                        "data.github_team.approvers_team"
                    ],
                    "primary": {
                        "id": "3101758:Rosa-Fox",
                        "attributes": {
                            "etag": "W/\"55850b8353672a4c99a3876ff672ab88\"",
                            "id": "3101758:Rosa-Fox",
                            "role": "member",
                            "team_id": "3101758",
                            "username": "Rosa-Fox"
                        },
                        "meta": {},
                        "tainted": false
                    },
                    "deposed": [],
                    "provider": "provider.github"
                }
            },
            "depends_on": []
        },
        {
            "path": [
                "root",
                "user_sakisv"
            ],
            "outputs": {},
            "resources": {
                "data.github_team.approvers_team": {
                    "type": "github_team",
                    "depends_on": [],
                    "primary": {
                        "id": "3101758",
                        "attributes": {
                            "description": "Verify tech team: verify-tech-team-approvers",
                            "id": "3101758",
                            "members.#": "30",
                            "members.0": "idrop",
                            "members.1": "46bit",
                            "members.10": "robinmitra",
                            "members.11": "brenetic",
                            "members.12": "CharlesIC",
                            "members.13": "sakisv",
                            "members.14": "Rosa-Fox",
                            "members.15": "chrisclayson",
                            "members.16": "smford",
                            "members.17": "blairboy362",
                            "members.18": "Wynndow",
                            "members.19": "andy-paine",
                            "members.2": "galund",
                            "members.20": "tomrosier",
                            "members.21": "bjgill",
                            "members.22": "bravegrape",
                            "members.23": "jstandring-gds",
                            "members.24": "mhussein-gds",
                            "members.25": "adityapahuja",
                            "members.26": "rhowe-gds",
                            "members.27": "AmritSidhu",
                            "members.28": "alan-gds",
                            "members.29": "jakubmiarka",
                            "members.3": "issyl0",
                            "members.4": "philandstuff",
                            "members.5": "chrisholmes",
                            "members.6": "thomasalanlee",
                            "members.7": "mmhmm",
                            "members.8": "tlwr",
                            "members.9": "kerrr",
                            "name": "verify-tech-team-approvers",
                            "permission": "pull",
                            "privacy": "closed",
                            "slug": "verify-tech-team-approvers"
                        },
                        "meta": {},
                        "tainted": false
                    },
                    "deposed": [],
                    "provider": "provider.github"
                },
                "data.github_team.tech_team": {
                    "type": "github_team",
                    "depends_on": [],
                    "primary": {
                        "id": "2830432",
                        "attributes": {
                            "description": "Verify Tech Team",
                            "id": "2830432",
                            "members.#": "30",
                            "members.0": "idrop",
                            "members.1": "46bit",
                            "members.10": "kerrr",
                            "members.11": "zilnhoj",
                            "members.12": "Todai88",
                            "members.13": "robinmitra",
                            "members.14": "brenetic",
                            "members.15": "nacnudus",
                            "members.16": "CharlesIC",
                            "members.17": "jkunle",
                            "members.18": "sakisv",
                            "members.19": "stephengrier",
                            "members.2": "galund",
                            "members.20": "Rosa-Fox",
                            "members.21": "AnneCarr",
                            "members.22": "ida-build-bot",
                            "members.23": "chrisclayson",
                            "members.24": "smford",
                            "members.25": "blairboy362",
                            "members.26": "Wynndow",
                            "members.27": "andy-paine",
                            "members.28": "tomrosier",
                            "members.29": "bjgill",
                            "members.3": "issyl0",
                            "members.4": "mrwilson",
                            "members.5": "philandstuff",
                            "members.6": "chrisholmes",
                            "members.7": "thomasalanlee",
                            "members.8": "mmhmm",
                            "members.9": "tlwr",
                            "name": "verify-tech-team",
                            "permission": "pull",
                            "privacy": "closed",
                            "slug": "verify-tech-team"
                        },
                        "meta": {},
                        "tainted": false
                    },
                    "deposed": [],
                    "provider": "provider.github"
                },
                "github_team_membership.team_membership.0": {
                    "type": "github_team_membership",
                    "depends_on": [],
                    "primary": {
                        "id": "2826122:sakisv",
                        "attributes": {
                            "etag": "W/\"d9e1e4f18e83841c8cf3c0bb541f00e8\"",
                            "id": "2826122:sakisv",
                            "role": "member",
                            "team_id": "2826122",
                            "username": "sakisv"
                        },
                        "meta": {},
                        "tainted": false
                    },
                    "deposed": [],
                    "provider": "provider.github"
                },
                "github_team_membership.team_membership.1": {
                    "type": "github_team_membership",
                    "depends_on": [],
                    "primary": {
                        "id": "2826127:sakisv",
                        "attributes": {
                            "etag": "W/\"b0c3e93b5a5a6503d6371562aebfec97\"",
                            "id": "2826127:sakisv",
                            "role": "member",
                            "team_id": "2826127",
                            "username": "sakisv"
                        },
                        "meta": {},
                        "tainted": false
                    },
                    "deposed": [],
                    "provider": "provider.github"
                },
                "github_team_membership.tech_team_approver": {
                    "type": "github_team_membership",
                    "depends_on": [
                        "data.github_team.approvers_team"
                    ],
                    "primary": {
                        "id": "3101758:sakisv",
                        "attributes": {
                            "etag": "W/\"7ae82a3b9a75275a19d280fad6f2dd01\"",
                            "id": "3101758:sakisv",
                            "role": "member",
                            "team_id": "3101758",
                            "username": "sakisv"
                        },
                        "meta": {},
                        "tainted": false
                    },
                    "deposed": [],
                    "provider": "provider.github"
                }
            },
            "depends_on": []
        },
        {
            "path": [
                "root",
                "user_sarahdean"
            ],
            "outputs": {},
            "resources": {
                "data.github_team.approvers_team": {
                    "type": "github_team",
                    "depends_on": [],
                    "primary": {
                        "id": "3101758",
                        "attributes": {
                            "description": "Verify tech team: verify-tech-team-approvers",
                            "id": "3101758",
                            "members.#": "30",
                            "members.0": "idrop",
                            "members.1": "46bit",
                            "members.10": "robinmitra",
                            "members.11": "brenetic",
                            "members.12": "CharlesIC",
                            "members.13": "sakisv",
                            "members.14": "Rosa-Fox",
                            "members.15": "chrisclayson",
                            "members.16": "smford",
                            "members.17": "blairboy362",
                            "members.18": "Wynndow",
                            "members.19": "andy-paine",
                            "members.2": "galund",
                            "members.20": "tomrosier",
                            "members.21": "bjgill",
                            "members.22": "bravegrape",
                            "members.23": "jstandring-gds",
                            "members.24": "mhussein-gds",
                            "members.25": "adityapahuja",
                            "members.26": "rhowe-gds",
                            "members.27": "AmritSidhu",
                            "members.28": "alan-gds",
                            "members.29": "jakubmiarka",
                            "members.3": "issyl0",
                            "members.4": "philandstuff",
                            "members.5": "chrisholmes",
                            "members.6": "thomasalanlee",
                            "members.7": "mmhmm",
                            "members.8": "tlwr",
                            "members.9": "kerrr",
                            "name": "verify-tech-team-approvers",
                            "permission": "pull",
                            "privacy": "closed",
                            "slug": "verify-tech-team-approvers"
                        },
                        "meta": {},
                        "tainted": false
                    },
                    "deposed": [],
                    "provider": "provider.github"
                },
                "data.github_team.tech_team": {
                    "type": "github_team",
                    "depends_on": [],
                    "primary": {
                        "id": "2830432",
                        "attributes": {
                            "description": "Verify Tech Team",
                            "id": "2830432",
                            "members.#": "30",
                            "members.0": "idrop",
                            "members.1": "46bit",
                            "members.10": "kerrr",
                            "members.11": "zilnhoj",
                            "members.12": "Todai88",
                            "members.13": "robinmitra",
                            "members.14": "brenetic",
                            "members.15": "nacnudus",
                            "members.16": "CharlesIC",
                            "members.17": "jkunle",
                            "members.18": "sakisv",
                            "members.19": "stephengrier",
                            "members.2": "galund",
                            "members.20": "Rosa-Fox",
                            "members.21": "AnneCarr",
                            "members.22": "ida-build-bot",
                            "members.23": "chrisclayson",
                            "members.24": "smford",
                            "members.25": "blairboy362",
                            "members.26": "Wynndow",
                            "members.27": "andy-paine",
                            "members.28": "tomrosier",
                            "members.29": "bjgill",
                            "members.3": "issyl0",
                            "members.4": "mrwilson",
                            "members.5": "philandstuff",
                            "members.6": "chrisholmes",
                            "members.7": "thomasalanlee",
                            "members.8": "mmhmm",
                            "members.9": "tlwr",
                            "name": "verify-tech-team",
                            "permission": "pull",
                            "privacy": "closed",
                            "slug": "verify-tech-team"
                        },
                        "meta": {},
                        "tainted": false
                    },
                    "deposed": [],
                    "provider": "provider.github"
                },
                "github_team_membership.team_membership": {
                    "type": "github_team_membership",
                    "depends_on": [],
                    "primary": {
                        "id": "2826122:sarah-dean",
                        "attributes": {
                            "etag": "W/\"c0242917246952011d46fa7a474b111a\"",
                            "id": "2826122:sarah-dean",
                            "role": "member",
                            "team_id": "2826122",
                            "username": "sarah-dean"
                        },
                        "meta": {},
                        "tainted": false
                    },
                    "deposed": [],
                    "provider": "provider.github"
                }
            },
            "depends_on": []
        },
        {
            "path": [
                "root",
                "user_smford"
            ],
            "outputs": {},
            "resources": {
                "data.github_team.approvers_team": {
                    "type": "github_team",
                    "depends_on": [],
                    "primary": {
                        "id": "3101758",
                        "attributes": {
                            "description": "Verify tech team: verify-tech-team-approvers",
                            "id": "3101758",
                            "members.#": "30",
                            "members.0": "idrop",
                            "members.1": "46bit",
                            "members.10": "robinmitra",
                            "members.11": "brenetic",
                            "members.12": "CharlesIC",
                            "members.13": "sakisv",
                            "members.14": "Rosa-Fox",
                            "members.15": "chrisclayson",
                            "members.16": "smford",
                            "members.17": "blairboy362",
                            "members.18": "Wynndow",
                            "members.19": "andy-paine",
                            "members.2": "galund",
                            "members.20": "tomrosier",
                            "members.21": "bjgill",
                            "members.22": "bravegrape",
                            "members.23": "jstandring-gds",
                            "members.24": "mhussein-gds",
                            "members.25": "adityapahuja",
                            "members.26": "rhowe-gds",
                            "members.27": "AmritSidhu",
                            "members.28": "alan-gds",
                            "members.29": "jakubmiarka",
                            "members.3": "issyl0",
                            "members.4": "philandstuff",
                            "members.5": "chrisholmes",
                            "members.6": "thomasalanlee",
                            "members.7": "mmhmm",
                            "members.8": "tlwr",
                            "members.9": "kerrr",
                            "name": "verify-tech-team-approvers",
                            "permission": "pull",
                            "privacy": "closed",
                            "slug": "verify-tech-team-approvers"
                        },
                        "meta": {},
                        "tainted": false
                    },
                    "deposed": [],
                    "provider": "provider.github"
                },
                "data.github_team.tech_team": {
                    "type": "github_team",
                    "depends_on": [],
                    "primary": {
                        "id": "2830432",
                        "attributes": {
                            "description": "Verify Tech Team",
                            "id": "2830432",
                            "members.#": "30",
                            "members.0": "idrop",
                            "members.1": "46bit",
                            "members.10": "kerrr",
                            "members.11": "zilnhoj",
                            "members.12": "Todai88",
                            "members.13": "robinmitra",
                            "members.14": "brenetic",
                            "members.15": "nacnudus",
                            "members.16": "CharlesIC",
                            "members.17": "jkunle",
                            "members.18": "sakisv",
                            "members.19": "stephengrier",
                            "members.2": "galund",
                            "members.20": "Rosa-Fox",
                            "members.21": "AnneCarr",
                            "members.22": "ida-build-bot",
                            "members.23": "chrisclayson",
                            "members.24": "smford",
                            "members.25": "blairboy362",
                            "members.26": "Wynndow",
                            "members.27": "andy-paine",
                            "members.28": "tomrosier",
                            "members.29": "bjgill",
                            "members.3": "issyl0",
                            "members.4": "mrwilson",
                            "members.5": "philandstuff",
                            "members.6": "chrisholmes",
                            "members.7": "thomasalanlee",
                            "members.8": "mmhmm",
                            "members.9": "tlwr",
                            "name": "verify-tech-team",
                            "permission": "pull",
                            "privacy": "closed",
                            "slug": "verify-tech-team"
                        },
                        "meta": {},
                        "tainted": false
                    },
                    "deposed": [],
                    "provider": "provider.github"
                },
                "github_team_membership.team_membership": {
                    "type": "github_team_membership",
                    "depends_on": [],
                    "primary": {
                        "id": "2826127:smford",
                        "attributes": {
                            "etag": "W/\"608274865528f2701d86134b09198659\"",
                            "id": "2826127:smford",
                            "role": "member",
                            "team_id": "2826127",
                            "username": "smford"
                        },
                        "meta": {},
                        "tainted": false
                    },
                    "deposed": [],
                    "provider": "provider.github"
                },
                "github_team_membership.tech_team_approver": {
                    "type": "github_team_membership",
                    "depends_on": [
                        "data.github_team.approvers_team"
                    ],
                    "primary": {
                        "id": "3101758:smford",
                        "attributes": {
                            "etag": "W/\"24ca2ef9662594b0b4da40a6a6108f82\"",
                            "id": "3101758:smford",
                            "role": "member",
                            "team_id": "3101758",
                            "username": "smford"
                        },
                        "meta": {},
                        "tainted": false
                    },
                    "deposed": [],
                    "provider": "provider.github"
                }
            },
            "depends_on": []
        },
        {
            "path": [
                "root",
                "user_szd55gds"
            ],
            "outputs": {},
            "resources": {
                "data.github_team.approvers_team": {
                    "type": "github_team",
                    "depends_on": [],
                    "primary": {
                        "id": "3101758",
                        "attributes": {
                            "description": "Verify tech team: verify-tech-team-approvers",
                            "id": "3101758",
                            "members.#": "30",
                            "members.0": "idrop",
                            "members.1": "46bit",
                            "members.10": "robinmitra",
                            "members.11": "brenetic",
                            "members.12": "CharlesIC",
                            "members.13": "sakisv",
                            "members.14": "Rosa-Fox",
                            "members.15": "chrisclayson",
                            "members.16": "smford",
                            "members.17": "blairboy362",
                            "members.18": "Wynndow",
                            "members.19": "andy-paine",
                            "members.2": "galund",
                            "members.20": "tomrosier",
                            "members.21": "bjgill",
                            "members.22": "bravegrape",
                            "members.23": "jstandring-gds",
                            "members.24": "mhussein-gds",
                            "members.25": "adityapahuja",
                            "members.26": "rhowe-gds",
                            "members.27": "AmritSidhu",
                            "members.28": "alan-gds",
                            "members.29": "jakubmiarka",
                            "members.3": "issyl0",
                            "members.4": "philandstuff",
                            "members.5": "chrisholmes",
                            "members.6": "thomasalanlee",
                            "members.7": "mmhmm",
                            "members.8": "tlwr",
                            "members.9": "kerrr",
                            "name": "verify-tech-team-approvers",
                            "permission": "pull",
                            "privacy": "closed",
                            "slug": "verify-tech-team-approvers"
                        },
                        "meta": {},
                        "tainted": false
                    },
                    "deposed": [],
                    "provider": "provider.github"
                },
                "data.github_team.tech_team": {
                    "type": "github_team",
                    "depends_on": [],
                    "primary": {
                        "id": "2830432",
                        "attributes": {
                            "description": "Verify Tech Team",
                            "id": "2830432",
                            "members.#": "30",
                            "members.0": "idrop",
                            "members.1": "46bit",
                            "members.10": "kerrr",
                            "members.11": "zilnhoj",
                            "members.12": "Todai88",
                            "members.13": "robinmitra",
                            "members.14": "brenetic",
                            "members.15": "nacnudus",
                            "members.16": "CharlesIC",
                            "members.17": "jkunle",
                            "members.18": "sakisv",
                            "members.19": "stephengrier",
                            "members.2": "galund",
                            "members.20": "Rosa-Fox",
                            "members.21": "AnneCarr",
                            "members.22": "ida-build-bot",
                            "members.23": "chrisclayson",
                            "members.24": "smford",
                            "members.25": "blairboy362",
                            "members.26": "Wynndow",
                            "members.27": "andy-paine",
                            "members.28": "tomrosier",
                            "members.29": "bjgill",
                            "members.3": "issyl0",
                            "members.4": "mrwilson",
                            "members.5": "philandstuff",
                            "members.6": "chrisholmes",
                            "members.7": "thomasalanlee",
                            "members.8": "mmhmm",
                            "members.9": "tlwr",
                            "name": "verify-tech-team",
                            "permission": "pull",
                            "privacy": "closed",
                            "slug": "verify-tech-team"
                        },
                        "meta": {},
                        "tainted": false
                    },
                    "deposed": [],
                    "provider": "provider.github"
                },
                "github_team_membership.team_membership": {
                    "type": "github_team_membership",
                    "depends_on": [],
                    "primary": {
                        "id": "2826127:szd55gds",
                        "attributes": {
                            "etag": "W/\"8f63bb9bd29acbd481aceaf6a82362fa\"",
                            "id": "2826127:szd55gds",
                            "role": "member",
                            "team_id": "2826127",
                            "username": "szd55gds"
                        },
                        "meta": {},
                        "tainted": false
                    },
                    "deposed": [],
                    "provider": "provider.github"
                },
                "github_team_membership.tech_team_approver": {
                    "type": "github_team_membership",
                    "depends_on": [
                        "data.github_team.approvers_team"
                    ],
                    "primary": {
                        "id": "3101758:szd55gds",
                        "attributes": {
                            "etag": "W/\"e9b23790b6cddd531b7797fcbb8dae64\"",
                            "id": "3101758:szd55gds",
                            "role": "member",
                            "team_id": "3101758",
                            "username": "szd55gds"
                        },
                        "meta": {},
                        "tainted": false
                    },
                    "deposed": [],
                    "provider": "provider.github"
                }
            },
            "depends_on": []
        },
        {
            "path": [
                "root",
                "user_thomasalanlee"
            ],
            "outputs": {},
            "resources": {
                "data.github_team.approvers_team": {
                    "type": "github_team",
                    "depends_on": [],
                    "primary": {
                        "id": "3101758",
                        "attributes": {
                            "description": "Verify tech team: verify-tech-team-approvers",
                            "id": "3101758",
                            "members.#": "30",
                            "members.0": "idrop",
                            "members.1": "46bit",
                            "members.10": "robinmitra",
                            "members.11": "brenetic",
                            "members.12": "CharlesIC",
                            "members.13": "sakisv",
                            "members.14": "Rosa-Fox",
                            "members.15": "chrisclayson",
                            "members.16": "smford",
                            "members.17": "blairboy362",
                            "members.18": "Wynndow",
                            "members.19": "andy-paine",
                            "members.2": "galund",
                            "members.20": "tomrosier",
                            "members.21": "bjgill",
                            "members.22": "bravegrape",
                            "members.23": "jstandring-gds",
                            "members.24": "mhussein-gds",
                            "members.25": "adityapahuja",
                            "members.26": "rhowe-gds",
                            "members.27": "AmritSidhu",
                            "members.28": "alan-gds",
                            "members.29": "jakubmiarka",
                            "members.3": "issyl0",
                            "members.4": "philandstuff",
                            "members.5": "chrisholmes",
                            "members.6": "thomasalanlee",
                            "members.7": "mmhmm",
                            "members.8": "tlwr",
                            "members.9": "kerrr",
                            "name": "verify-tech-team-approvers",
                            "permission": "pull",
                            "privacy": "closed",
                            "slug": "verify-tech-team-approvers"
                        },
                        "meta": {},
                        "tainted": false
                    },
                    "deposed": [],
                    "provider": "provider.github"
                },
                "data.github_team.tech_team": {
                    "type": "github_team",
                    "depends_on": [],
                    "primary": {
                        "id": "2830432",
                        "attributes": {
                            "description": "Verify Tech Team",
                            "id": "2830432",
                            "members.#": "30",
                            "members.0": "idrop",
                            "members.1": "46bit",
                            "members.10": "kerrr",
                            "members.11": "zilnhoj",
                            "members.12": "Todai88",
                            "members.13": "robinmitra",
                            "members.14": "brenetic",
                            "members.15": "nacnudus",
                            "members.16": "CharlesIC",
                            "members.17": "jkunle",
                            "members.18": "sakisv",
                            "members.19": "stephengrier",
                            "members.2": "galund",
                            "members.20": "Rosa-Fox",
                            "members.21": "AnneCarr",
                            "members.22": "ida-build-bot",
                            "members.23": "chrisclayson",
                            "members.24": "smford",
                            "members.25": "blairboy362",
                            "members.26": "Wynndow",
                            "members.27": "andy-paine",
                            "members.28": "tomrosier",
                            "members.29": "bjgill",
                            "members.3": "issyl0",
                            "members.4": "mrwilson",
                            "members.5": "philandstuff",
                            "members.6": "chrisholmes",
                            "members.7": "thomasalanlee",
                            "members.8": "mmhmm",
                            "members.9": "tlwr",
                            "name": "verify-tech-team",
                            "permission": "pull",
                            "privacy": "closed",
                            "slug": "verify-tech-team"
                        },
                        "meta": {},
                        "tainted": false
                    },
                    "deposed": [],
                    "provider": "provider.github"
                },
                "github_team_membership.team_membership.0": {
                    "type": "github_team_membership",
                    "depends_on": [],
                    "primary": {
                        "id": "2826122:thomasalanlee",
                        "attributes": {
                            "etag": "W/\"9ad80c73b43d3f4df9c9227fb0fbcb9d\"",
                            "id": "2826122:thomasalanlee",
                            "role": "maintainer",
                            "team_id": "2826122",
                            "username": "thomasalanlee"
                        },
                        "meta": {},
                        "tainted": false
                    },
                    "deposed": [],
                    "provider": "provider.github"
                },
                "github_team_membership.team_membership.1": {
                    "type": "github_team_membership",
                    "depends_on": [],
                    "primary": {
                        "id": "2826126:thomasalanlee",
                        "attributes": {
                            "etag": "W/\"2ac1a6aca2904b99c31a67f99b3bd45b\"",
                            "id": "2826126:thomasalanlee",
                            "role": "maintainer",
                            "team_id": "2826126",
                            "username": "thomasalanlee"
                        },
                        "meta": {},
                        "tainted": false
                    },
                    "deposed": [],
                    "provider": "provider.github"
                },
                "github_team_membership.team_membership.2": {
                    "type": "github_team_membership",
                    "depends_on": [],
                    "primary": {
                        "id": "2826127:thomasalanlee",
                        "attributes": {
                            "etag": "W/\"0cda8cc96902be6750f9b342f5447bc1\"",
                            "id": "2826127:thomasalanlee",
                            "role": "maintainer",
                            "team_id": "2826127",
                            "username": "thomasalanlee"
                        },
                        "meta": {},
                        "tainted": false
                    },
                    "deposed": [],
                    "provider": "provider.github"
                },
                "github_team_membership.tech_team_approver": {
                    "type": "github_team_membership",
                    "depends_on": [
                        "data.github_team.approvers_team"
                    ],
                    "primary": {
                        "id": "3101758:thomasalanlee",
                        "attributes": {
                            "etag": "W/\"19855586c0dca2344719845e1648ff62\"",
                            "id": "3101758:thomasalanlee",
                            "role": "member",
                            "team_id": "3101758",
                            "username": "thomasalanlee"
                        },
                        "meta": {},
                        "tainted": false
                    },
                    "deposed": [],
                    "provider": "provider.github"
                },
                "github_team_membership.tech_team_maintainer": {
                    "type": "github_team_membership",
                    "depends_on": [
                        "data.github_team.tech_team"
                    ],
                    "primary": {
                        "id": "2830432:thomasalanlee",
                        "attributes": {
                            "etag": "W/\"45de09057c26c7a738757c098d91a6a5\"",
                            "id": "2830432:thomasalanlee",
                            "role": "maintainer",
                            "team_id": "2830432",
                            "username": "thomasalanlee"
                        },
                        "meta": {},
                        "tainted": false
                    },
                    "deposed": [],
                    "provider": "provider.github"
                }
            },
            "depends_on": []
        },
        {
            "path": [
                "root",
                "user_tlwr"
            ],
            "outputs": {},
            "resources": {
                "data.github_team.approvers_team": {
                    "type": "github_team",
                    "depends_on": [],
                    "primary": {
                        "id": "3101758",
                        "attributes": {
                            "description": "Verify tech team: verify-tech-team-approvers",
                            "id": "3101758",
                            "members.#": "30",
                            "members.0": "idrop",
                            "members.1": "46bit",
                            "members.10": "robinmitra",
                            "members.11": "brenetic",
                            "members.12": "CharlesIC",
                            "members.13": "sakisv",
                            "members.14": "Rosa-Fox",
                            "members.15": "chrisclayson",
                            "members.16": "smford",
                            "members.17": "blairboy362",
                            "members.18": "Wynndow",
                            "members.19": "andy-paine",
                            "members.2": "galund",
                            "members.20": "tomrosier",
                            "members.21": "bjgill",
                            "members.22": "bravegrape",
                            "members.23": "jstandring-gds",
                            "members.24": "mhussein-gds",
                            "members.25": "adityapahuja",
                            "members.26": "rhowe-gds",
                            "members.27": "AmritSidhu",
                            "members.28": "alan-gds",
                            "members.29": "jakubmiarka",
                            "members.3": "issyl0",
                            "members.4": "philandstuff",
                            "members.5": "chrisholmes",
                            "members.6": "thomasalanlee",
                            "members.7": "mmhmm",
                            "members.8": "tlwr",
                            "members.9": "kerrr",
                            "name": "verify-tech-team-approvers",
                            "permission": "pull",
                            "privacy": "closed",
                            "slug": "verify-tech-team-approvers"
                        },
                        "meta": {},
                        "tainted": false
                    },
                    "deposed": [],
                    "provider": "provider.github"
                },
                "data.github_team.tech_team": {
                    "type": "github_team",
                    "depends_on": [],
                    "primary": {
                        "id": "2830432",
                        "attributes": {
                            "description": "Verify Tech Team",
                            "id": "2830432",
                            "members.#": "30",
                            "members.0": "idrop",
                            "members.1": "46bit",
                            "members.10": "kerrr",
                            "members.11": "zilnhoj",
                            "members.12": "Todai88",
                            "members.13": "robinmitra",
                            "members.14": "brenetic",
                            "members.15": "nacnudus",
                            "members.16": "CharlesIC",
                            "members.17": "jkunle",
                            "members.18": "sakisv",
                            "members.19": "stephengrier",
                            "members.2": "galund",
                            "members.20": "Rosa-Fox",
                            "members.21": "AnneCarr",
                            "members.22": "ida-build-bot",
                            "members.23": "chrisclayson",
                            "members.24": "smford",
                            "members.25": "blairboy362",
                            "members.26": "Wynndow",
                            "members.27": "andy-paine",
                            "members.28": "tomrosier",
                            "members.29": "bjgill",
                            "members.3": "issyl0",
                            "members.4": "mrwilson",
                            "members.5": "philandstuff",
                            "members.6": "chrisholmes",
                            "members.7": "thomasalanlee",
                            "members.8": "mmhmm",
                            "members.9": "tlwr",
                            "name": "verify-tech-team",
                            "permission": "pull",
                            "privacy": "closed",
                            "slug": "verify-tech-team"
                        },
                        "meta": {},
                        "tainted": false
                    },
                    "deposed": [],
                    "provider": "provider.github"
                },
                "github_team_membership.team_membership.0": {
                    "type": "github_team_membership",
                    "depends_on": [],
                    "primary": {
                        "id": "2826122:tlwr",
                        "attributes": {
                            "etag": "W/\"b9014aa31eaa6cdb7189623b48c930f4\"",
                            "id": "2826122:tlwr",
                            "role": "member",
                            "team_id": "2826122",
                            "username": "tlwr"
                        },
                        "meta": {},
                        "tainted": false
                    },
                    "deposed": [],
                    "provider": "provider.github"
                },
                "github_team_membership.team_membership.1": {
                    "type": "github_team_membership",
                    "depends_on": [],
                    "primary": {
                        "id": "2826127:tlwr",
                        "attributes": {
                            "etag": "W/\"8355753e0bc6ff06c66cc265a5bdcdc8\"",
                            "id": "2826127:tlwr",
                            "role": "member",
                            "team_id": "2826127",
                            "username": "tlwr"
                        },
                        "meta": {},
                        "tainted": false
                    },
                    "deposed": [],
                    "provider": "provider.github"
                },
                "github_team_membership.tech_team_approver": {
                    "type": "github_team_membership",
                    "depends_on": [
                        "data.github_team.approvers_team"
                    ],
                    "primary": {
                        "id": "3101758:tlwr",
                        "attributes": {
                            "etag": "W/\"b044adc19dcd2c9820b1ed463d7f1e44\"",
                            "id": "3101758:tlwr",
                            "role": "member",
                            "team_id": "3101758",
                            "username": "tlwr"
                        },
                        "meta": {},
                        "tainted": false
                    },
                    "deposed": [],
                    "provider": "provider.github"
                }
            },
            "depends_on": []
        },
        {
            "path": [
                "root",
                "user_todai88"
            ],
            "outputs": {},
            "resources": {
                "data.github_team.approvers_team": {
                    "type": "github_team",
                    "depends_on": [],
                    "primary": {
                        "id": "3101758",
                        "attributes": {
                            "description": "Verify tech team: verify-tech-team-approvers",
                            "id": "3101758",
                            "members.#": "30",
                            "members.0": "idrop",
                            "members.1": "46bit",
                            "members.10": "robinmitra",
                            "members.11": "brenetic",
                            "members.12": "CharlesIC",
                            "members.13": "sakisv",
                            "members.14": "Rosa-Fox",
                            "members.15": "chrisclayson",
                            "members.16": "smford",
                            "members.17": "blairboy362",
                            "members.18": "Wynndow",
                            "members.19": "andy-paine",
                            "members.2": "galund",
                            "members.20": "tomrosier",
                            "members.21": "bjgill",
                            "members.22": "bravegrape",
                            "members.23": "jstandring-gds",
                            "members.24": "mhussein-gds",
                            "members.25": "adityapahuja",
                            "members.26": "rhowe-gds",
                            "members.27": "AmritSidhu",
                            "members.28": "alan-gds",
                            "members.29": "jakubmiarka",
                            "members.3": "issyl0",
                            "members.4": "philandstuff",
                            "members.5": "chrisholmes",
                            "members.6": "thomasalanlee",
                            "members.7": "mmhmm",
                            "members.8": "tlwr",
                            "members.9": "kerrr",
                            "name": "verify-tech-team-approvers",
                            "permission": "pull",
                            "privacy": "closed",
                            "slug": "verify-tech-team-approvers"
                        },
                        "meta": {},
                        "tainted": false
                    },
                    "deposed": [],
                    "provider": "provider.github"
                },
                "data.github_team.tech_team": {
                    "type": "github_team",
                    "depends_on": [],
                    "primary": {
                        "id": "2830432",
                        "attributes": {
                            "description": "Verify Tech Team",
                            "id": "2830432",
                            "members.#": "30",
                            "members.0": "idrop",
                            "members.1": "46bit",
                            "members.10": "kerrr",
                            "members.11": "zilnhoj",
                            "members.12": "Todai88",
                            "members.13": "robinmitra",
                            "members.14": "brenetic",
                            "members.15": "nacnudus",
                            "members.16": "CharlesIC",
                            "members.17": "jkunle",
                            "members.18": "sakisv",
                            "members.19": "stephengrier",
                            "members.2": "galund",
                            "members.20": "Rosa-Fox",
                            "members.21": "AnneCarr",
                            "members.22": "ida-build-bot",
                            "members.23": "chrisclayson",
                            "members.24": "smford",
                            "members.25": "blairboy362",
                            "members.26": "Wynndow",
                            "members.27": "andy-paine",
                            "members.28": "tomrosier",
                            "members.29": "bjgill",
                            "members.3": "issyl0",
                            "members.4": "mrwilson",
                            "members.5": "philandstuff",
                            "members.6": "chrisholmes",
                            "members.7": "thomasalanlee",
                            "members.8": "mmhmm",
                            "members.9": "tlwr",
                            "name": "verify-tech-team",
                            "permission": "pull",
                            "privacy": "closed",
                            "slug": "verify-tech-team"
                        },
                        "meta": {},
                        "tainted": false
                    },
                    "deposed": [],
                    "provider": "provider.github"
                },
                "github_team_membership.team_membership": {
                    "type": "github_team_membership",
                    "depends_on": [],
                    "primary": {
                        "id": "2826122:todai88",
                        "attributes": {
                            "etag": "W/\"171b02da5976bc1ff7c3cc34a71f694a\"",
                            "id": "2826122:todai88",
                            "role": "member",
                            "team_id": "2826122",
                            "username": "Todai88"
                        },
                        "meta": {},
                        "tainted": false
                    },
                    "deposed": [],
                    "provider": "provider.github"
                }
            },
            "depends_on": []
        },
        {
            "path": [
                "root",
                "user_tomrosier"
            ],
            "outputs": {},
            "resources": {
                "data.github_team.approvers_team": {
                    "type": "github_team",
                    "depends_on": [],
                    "primary": {
                        "id": "3101758",
                        "attributes": {
                            "description": "Verify tech team: verify-tech-team-approvers",
                            "id": "3101758",
                            "members.#": "30",
                            "members.0": "idrop",
                            "members.1": "46bit",
                            "members.10": "robinmitra",
                            "members.11": "brenetic",
                            "members.12": "CharlesIC",
                            "members.13": "sakisv",
                            "members.14": "Rosa-Fox",
                            "members.15": "chrisclayson",
                            "members.16": "smford",
                            "members.17": "blairboy362",
                            "members.18": "Wynndow",
                            "members.19": "andy-paine",
                            "members.2": "galund",
                            "members.20": "tomrosier",
                            "members.21": "bjgill",
                            "members.22": "bravegrape",
                            "members.23": "jstandring-gds",
                            "members.24": "mhussein-gds",
                            "members.25": "adityapahuja",
                            "members.26": "rhowe-gds",
                            "members.27": "AmritSidhu",
                            "members.28": "alan-gds",
                            "members.29": "jakubmiarka",
                            "members.3": "issyl0",
                            "members.4": "philandstuff",
                            "members.5": "chrisholmes",
                            "members.6": "thomasalanlee",
                            "members.7": "mmhmm",
                            "members.8": "tlwr",
                            "members.9": "kerrr",
                            "name": "verify-tech-team-approvers",
                            "permission": "pull",
                            "privacy": "closed",
                            "slug": "verify-tech-team-approvers"
                        },
                        "meta": {},
                        "tainted": false
                    },
                    "deposed": [],
                    "provider": "provider.github"
                },
                "data.github_team.tech_team": {
                    "type": "github_team",
                    "depends_on": [],
                    "primary": {
                        "id": "2830432",
                        "attributes": {
                            "description": "Verify Tech Team",
                            "id": "2830432",
                            "members.#": "30",
                            "members.0": "idrop",
                            "members.1": "46bit",
                            "members.10": "kerrr",
                            "members.11": "zilnhoj",
                            "members.12": "Todai88",
                            "members.13": "robinmitra",
                            "members.14": "brenetic",
                            "members.15": "nacnudus",
                            "members.16": "CharlesIC",
                            "members.17": "jkunle",
                            "members.18": "sakisv",
                            "members.19": "stephengrier",
                            "members.2": "galund",
                            "members.20": "Rosa-Fox",
                            "members.21": "AnneCarr",
                            "members.22": "ida-build-bot",
                            "members.23": "chrisclayson",
                            "members.24": "smford",
                            "members.25": "blairboy362",
                            "members.26": "Wynndow",
                            "members.27": "andy-paine",
                            "members.28": "tomrosier",
                            "members.29": "bjgill",
                            "members.3": "issyl0",
                            "members.4": "mrwilson",
                            "members.5": "philandstuff",
                            "members.6": "chrisholmes",
                            "members.7": "thomasalanlee",
                            "members.8": "mmhmm",
                            "members.9": "tlwr",
                            "name": "verify-tech-team",
                            "permission": "pull",
                            "privacy": "closed",
                            "slug": "verify-tech-team"
                        },
                        "meta": {},
                        "tainted": false
                    },
                    "deposed": [],
                    "provider": "provider.github"
                },
                "github_team_membership.team_membership.0": {
                    "type": "github_team_membership",
                    "depends_on": [],
                    "primary": {
                        "id": "2826122:tomrosier",
                        "attributes": {
                            "etag": "W/\"6e0b18250404be337da1109aa9c4d8d3\"",
                            "id": "2826122:tomrosier",
                            "role": "member",
                            "team_id": "2826122",
                            "username": "tomrosier"
                        },
                        "meta": {},
                        "tainted": false
                    },
                    "deposed": [],
                    "provider": "provider.github"
                },
                "github_team_membership.team_membership.1": {
                    "type": "github_team_membership",
                    "depends_on": [],
                    "primary": {
                        "id": "2826126:tomrosier",
                        "attributes": {
                            "etag": "W/\"4db8d4ed1e8c51387da7fcb50c035b91\"",
                            "id": "2826126:tomrosier",
                            "role": "member",
                            "team_id": "2826126",
                            "username": "tomrosier"
                        },
                        "meta": {},
                        "tainted": false
                    },
                    "deposed": [],
                    "provider": "provider.github"
                },
                "github_team_membership.tech_team_approver": {
                    "type": "github_team_membership",
                    "depends_on": [
                        "data.github_team.approvers_team"
                    ],
                    "primary": {
                        "id": "3101758:tomrosier",
                        "attributes": {
                            "etag": "W/\"3da7be054d854df6d3815a296a57d0be\"",
                            "id": "3101758:tomrosier",
                            "role": "member",
                            "team_id": "3101758",
                            "username": "tomrosier"
                        },
                        "meta": {},
                        "tainted": false
                    },
                    "deposed": [],
                    "provider": "provider.github"
                }
            },
            "depends_on": []
        },
        {
            "path": [
                "root",
                "user_zilnhoj"
            ],
            "outputs": {},
            "resources": {
                "data.github_team.approvers_team": {
                    "type": "github_team",
                    "depends_on": [],
                    "primary": {
                        "id": "3101758",
                        "attributes": {
                            "description": "Verify tech team: verify-tech-team-approvers",
                            "id": "3101758",
                            "members.#": "30",
                            "members.0": "idrop",
                            "members.1": "46bit",
                            "members.10": "robinmitra",
                            "members.11": "brenetic",
                            "members.12": "CharlesIC",
                            "members.13": "sakisv",
                            "members.14": "Rosa-Fox",
                            "members.15": "chrisclayson",
                            "members.16": "smford",
                            "members.17": "blairboy362",
                            "members.18": "Wynndow",
                            "members.19": "andy-paine",
                            "members.2": "galund",
                            "members.20": "tomrosier",
                            "members.21": "bjgill",
                            "members.22": "bravegrape",
                            "members.23": "jstandring-gds",
                            "members.24": "mhussein-gds",
                            "members.25": "adityapahuja",
                            "members.26": "rhowe-gds",
                            "members.27": "AmritSidhu",
                            "members.28": "alan-gds",
                            "members.29": "jakubmiarka",
                            "members.3": "issyl0",
                            "members.4": "philandstuff",
                            "members.5": "chrisholmes",
                            "members.6": "thomasalanlee",
                            "members.7": "mmhmm",
                            "members.8": "tlwr",
                            "members.9": "kerrr",
                            "name": "verify-tech-team-approvers",
                            "permission": "pull",
                            "privacy": "closed",
                            "slug": "verify-tech-team-approvers"
                        },
                        "meta": {},
                        "tainted": false
                    },
                    "deposed": [],
                    "provider": "provider.github"
                },
                "data.github_team.tech_team": {
                    "type": "github_team",
                    "depends_on": [],
                    "primary": {
                        "id": "2830432",
                        "attributes": {
                            "description": "Verify Tech Team",
                            "id": "2830432",
                            "members.#": "30",
                            "members.0": "idrop",
                            "members.1": "46bit",
                            "members.10": "kerrr",
                            "members.11": "zilnhoj",
                            "members.12": "Todai88",
                            "members.13": "robinmitra",
                            "members.14": "brenetic",
                            "members.15": "nacnudus",
                            "members.16": "CharlesIC",
                            "members.17": "jkunle",
                            "members.18": "sakisv",
                            "members.19": "stephengrier",
                            "members.2": "galund",
                            "members.20": "Rosa-Fox",
                            "members.21": "AnneCarr",
                            "members.22": "ida-build-bot",
                            "members.23": "chrisclayson",
                            "members.24": "smford",
                            "members.25": "blairboy362",
                            "members.26": "Wynndow",
                            "members.27": "andy-paine",
                            "members.28": "tomrosier",
                            "members.29": "bjgill",
                            "members.3": "issyl0",
                            "members.4": "mrwilson",
                            "members.5": "philandstuff",
                            "members.6": "chrisholmes",
                            "members.7": "thomasalanlee",
                            "members.8": "mmhmm",
                            "members.9": "tlwr",
                            "name": "verify-tech-team",
                            "permission": "pull",
                            "privacy": "closed",
                            "slug": "verify-tech-team"
                        },
                        "meta": {},
                        "tainted": false
                    },
                    "deposed": [],
                    "provider": "provider.github"
                },
                "github_team_membership.team_membership": {
                    "type": "github_team_membership",
                    "depends_on": [],
                    "primary": {
                        "id": "2826122:zilnhoj",
                        "attributes": {
                            "etag": "W/\"c22776d3115c4c8f2bbf37e3f68d160d\"",
                            "id": "2826122:zilnhoj",
                            "role": "member",
                            "team_id": "2826122",
                            "username": "zilnhoj"
                        },
                        "meta": {},
                        "tainted": false
                    },
                    "deposed": [],
                    "provider": "provider.github"
                }
            },
            "depends_on": []
        }
    ]
}
