{
    "version": 3,
    "terraform_version": "0.11.11",
    "serial": 112,
    "lineage": "7069a474-17af-c033-8243-ba2e55487134",
    "modules": [
        {
            "path": [
                "root"
            ],
            "outputs": {},
            "resources": {
                "data.github_team.core": {
                    "type": "github_team",
                    "depends_on": [],
                    "primary": {
                        "id": "2826122",
                        "attributes": {
                            "description": "Verify tech team: verify-tech-team-core",
                            "id": "2826122",
                            "members.#": "30",
                            "members.0": "idrop",
                            "members.1": "46bit",
                            "members.10": "zilnhoj",
                            "members.11": "vixus0",
                            "members.12": "robinmitra",
                            "members.13": "brenetic",
                            "members.14": "nacnudus",
                            "members.15": "CharlesIC",
                            "members.16": "jkunle",
                            "members.17": "mikieet",
                            "members.18": "Rosa-Fox",
                            "members.19": "AnneCarr",
                            "members.2": "galund",
                            "members.20": "ida-build-bot",
                            "members.21": "chrisclayson",
                            "members.22": "Wynndow",
                            "members.23": "andy-paine",
                            "members.24": "tomrosier",
                            "members.25": "bjgill",
                            "members.26": "RacingHippo",
                            "members.27": "bravegrape",
                            "members.28": "mhussein-gds",
                            "members.29": "adityapahuja",
                            "members.3": "issyl0",
                            "members.4": "phantas",
                            "members.5": "philandstuff",
                            "members.6": "chrisholmes",
                            "members.7": "thomasalanlee",
                            "members.8": "tlwr",
                            "members.9": "kerrr",
                            "name": "verify-tech-team-core",
                            "permission": "pull",
                            "privacy": "closed",
                            "slug": "verify-tech-team-core"
                        },
                        "meta": {},
                        "tainted": false
                    },
                    "deposed": [],
                    "provider": "provider.github"
                },
                "data.github_team.eidas": {
                    "type": "github_team",
                    "depends_on": [],
                    "primary": {
                        "id": "2826126",
                        "attributes": {
                            "description": "Verify tech team: verify-tech-team-eidas",
                            "id": "2826126",
                            "members.#": "10",
                            "members.0": "idrop",
                            "members.1": "chrisholmes",
                            "members.2": "thomasalanlee",
                            "members.3": "vixus0",
                            "members.4": "CharlesIC",
                            "members.5": "Wynndow",
                            "members.6": "tomrosier",
                            "members.7": "benjamin-mortimer",
                            "members.8": "JHjava",
                            "members.9": "dbes-gds",
                            "name": "verify-tech-team-eidas",
                            "permission": "pull",
                            "privacy": "closed",
                            "slug": "verify-tech-team-eidas"
                        },
                        "meta": {},
                        "tainted": false
                    },
                    "deposed": [],
                    "provider": "provider.github"
                },
                "data.github_team.infrastructure": {
                    "type": "github_team",
                    "depends_on": [],
                    "primary": {
                        "id": "2826127",
                        "attributes": {
                            "description": "Verify tech team: verify-tech-team-infrastructure",
                            "id": "2826127",
                            "members.#": "20",
                            "members.0": "46bit",
                            "members.1": "issyl0",
                            "members.10": "stephengrier",
                            "members.11": "ronocg",
                            "members.12": "smford",
                            "members.13": "blairboy362",
                            "members.14": "andy-paine",
                            "members.15": "jstandring-gds",
                            "members.16": "adityapahuja",
                            "members.17": "rhowe-gds",
                            "members.18": "matthewcullum-gds",
                            "members.19": "szd55gds",
                            "members.2": "philandstuff",
                            "members.3": "ejrowley",
                            "members.4": "chrisholmes",
                            "members.5": "thomasalanlee",
                            "members.6": "mmhmm",
                            "members.7": "tlwr",
                            "members.8": "vixus0",
                            "members.9": "sakisv",
                            "name": "verify-tech-team-infrastructure",
                            "permission": "pull",
                            "privacy": "closed",
                            "slug": "verify-tech-team-infrastructure"
                        },
                        "meta": {},
                        "tainted": false
                    },
                    "deposed": [],
                    "provider": "provider.github"
                }
            },
            "depends_on": []
        },
        {
            "path": [
                "root",
                "user_46bit"
            ],
            "outputs": {},
            "resources": {
                "data.github_user.user": {
                    "type": "github_user",
                    "depends_on": [],
                    "primary": {
                        "id": "163111",
                        "attributes": {
                            "avatar_url": "https://avatars1.githubusercontent.com/u/163111?v=4",
                            "bio": "engineering for reliability at @gdsteam. they/them. autistic, agender and Rustacean. lover of drawing, porgs and cycling.",
                            "blog": "https://46b.it",
                            "company": "",
                            "email": "hi@46b.it",
                            "followers": "68",
                            "following": "83",
                            "gpg_keys.#": "3",
                            "gpg_keys.0": "xsFNBFiyP5oBEADNPiWiPaoSQ4JeklQv+TOazLAA6kbKyetk/A2vEq0vr4ZjiS6LBkNzoZRFOAhtJRomH9wds1TXvLZihEvEjsh0LhOTFTI8NBv7Jqu1qnXI6VAWsn5nnvds2XtcvogaD4y9FQWjU7Mh7IttuF9LhhiZ8L63Lp4TcG3rDXiNu85cQag0Our1Up5CVFEWIBPzN8HCoKqVuL7oljxJuDyw4yrc9qSMNf+q4NsRIrClaUo3QTvI0zmJxmDLhcYZi/nxCTSKaGP9DSDOHNd6oz86icj17iPajnzkXciT5aLcsoMLLiifpvkfUa0wrM2s/rw8k5hmxRdIqXRPvAvhrVoWIDcOwwE5PfhSXjqYXqGGMtQAzxerh8QFtZqMVQ8mAAGSt9xZljnG+YJu23uU56CI8cMQ8Qa7UECtHndoM4QCmbIT8F3kIXB4fN0yTMJ/LTqF1o1wy83vprNtV8LOsq/dC4/JadHN5FRhhKoDvqb8z0wCAyXNo1NDWOxP7p5FFYHwGdUZLAbhNh3UTNXRZazXDfmPOii3SrpbtJW3gMp9rZVBWHoADqmBk78x//n2lV1IY/Ui311/KFJ1uae9a5NZAmlpLOQUCHHa8GJfNZyGszE7ZhqiZ3L/b5d5xpNUn4kAUbOgMWMlIvTiP4T/3NRdDur7UIzk7qMUWriirBcXWfTkPwARAQAB",
                            "gpg_keys.1": "xsFNBFvEmNABEACU/QSqHTy5A8B6GqzkB1owp+Pihr4mM95LXUChqJbCms39dHt28yJWgMxsZE1cf/ZzQ2vpDsfk7BeO23T55PsrnpJ5yALJvoFUI4yvxpmIQPmpdqi3d0LgiHSxuQx1eBGqCoxYjKhsE+4U7TA2dfWrfbGRuD7SbEibpeSwx2UjUF2C5CiTXmZUCi+54ycQMPaICTVdysQkaLOlINomRb/h/cJRy5CW1Cw8P2J4zlWglbCN1CmhLgrxMgPVTKvmrbUrFvvpQdDm0Qmjiyr0BsWbctzV7t1Iy9BKpIREQFxM8NvZoDRrU6opkVgwKR4lTgkKI7slgZ+aJ10d6BUNlGAP/H7cZhjTMKM/RgFNwKF5K8Ya19mLhCRC3PAGahpAasxnzpExrig6i7cEp6D1eYkDtWnLfTN1TXIIdu5lmTj/rdmVFJ36LBeZ4IVE8WozsWMZL0Fw/K7tEAL8Z+GGa/EWjhfVckLZnuh5HSc+db1PMemeusU3OKcQws/z++nEKO58H2Fxp4VDOfnR9H3+5ElVfep0yV2bFTok6Jh5BUfjtZAWG8GfJnSGqgD/GGKydX2wuQKgUrDT0U9MQmECpKawEXejMtudtGNkQwfUHpAY8WwMva9MnejeYu8M+lFX8jk6SjD9DgKeEAjDoxXeNEMCCyB6/QsdZytgM6JMcV34KQARAQAB",
                            "gpg_keys.2": "xsFNBFljSm4BEAC/C/+Nv3p5FqHMyGgvwKEyKqNwov1cxail3yNATZGqKZFR6Pj0yhM7hjoDux1Yo34hv/0G0/k65CTXdhqnxv7wnCV1N8L+m6/tfo2LTIzSWI6Fu/BxivLxBHoS6e9wrzL2UY15eXoHy4T6afwtbl4s22tu+9Jwb5BWYcPuquyYWLglRjjyF7MO6YTbkwBJxSsr9gStr3SnNmf+xsHcbqNkd4Hxz1uPUGyWGZGdw6hI4qiNq9IeKQtFSqEo10U+bnyVjdC9LVzuF+6pl6BCSfWS34QdVnkLbcPUhPqKNAGotsQFxim06bcq7r+vrHYrO8jm4oDvRUVWTeTDchiKWxaSiKKbSiHEazSKUsO/Sy1/3JQ+wexWPKr6+ac7/XFD08jRz15vDNuGZmODs/cKBTz1///mWShzOsDeqTd/PqlTVbpON7gVSoPJ+rzp1Y0Rp/0ELunnuc1PYibgvGjmaHQjrn0kMGbmiGK5gY8mJDYnReH1ZZ8dOnPGJXqRpXTNn54w14viZktampz6xn+EyqRmGACiZIjK9yCQKtn/LAiK8XEsY/hXgWYg1uW/xF0bYk4RJXRrggBDAT3OPcXfdAKQOWHZeT2NtsjL7dn8Rc2d+fzB2yDRJDY3dMyR6bxD5BxEaYd8AxjNhSmqFcGrCa3aewAV92ed3vB8dI7a9IzlJwARAQAB",
                            "gravatar_id": "",
                            "id": "163111",
                            "location": "London, UK",
                            "login": "46bit",
                            "name": "Michael Mokrysz",
                            "public_gists": "100",
                            "public_repos": "54",
                            "site_admin": "false",
                            "ssh_keys.#": "4",
                            "ssh_keys.0": "ssh-rsa AAAAB3NzaC1yc2EAAAADAQABAAABAQDKZpV/AWPtrL9kRj/lz0KOcWVI1piAUJZIlGnR2NUonSkTke7NF1Pwp62+P7/pRx2eQHiApnUhZG/FMwcF58429vYt+vKEGieNerkjopj2jDg3PgNhFR7Gb4D5DpxzFHP8ln9botdTBVVnWzb4OEWIZAc4nmeoe2MhsKPLECmZxTGWk4ydI/Kwlg6nM5JXaSMMv7liFrlQ958L6dnXIBLEIeHsb0kxxDfrGOAbDmST80oeeDm+OKRqh2mH3QRqMTq+a0yAFg3szE/IcK9eP9HPoxCLxRzEGlWTrwcxle+xQ6DkJ45+87B1H5lmeHf/T+E8nC7w1CNxIyRTFcJeeDR/",
                            "ssh_keys.1": "ssh-rsa AAAAB3NzaC1yc2EAAAADAQABAAABAQDl3s62rsvyfXj3yLjLyeDVHPfAhBNjznjHPtZ+EhCHpq3c9I8Hp5pzLZJyTt1x0qj41Qweur8KpYxQ/EABjdUmZh69T/Vd8YrPIcfpnOPXRkFQogTFifL1ZC3I/JPtlmOADsxHCeghYQgxoZ8uAnVUxiNSS0Ni+SupyvWhITrbBvsRuTIw8Xmny/jzJnJe/CJjxE2cf0GBqDwVYW1vG2PNHTFNJYAQ7bYx6lhwbhNeaSTvGlhLlJrgA0GgJYUDL8b7vpAKarey8vTqk7cBJ6Wh1Eb880kM8dcNkmXsj7X3IjESC1/aQb535n3hbDon+uNyb9Mmkp5EYOnoEdQ+uMyP",
                            "ssh_keys.2": "ssh-rsa AAAAB3NzaC1yc2EAAAADAQABAAABAQDRTKpxynraZHo4taiGEAA1Pyki9Bq+jp6HpNBimD1Ou/dcVnmDfzuicR5a4vBXlQwH6vQ0wvNd82BzLvVqSW5+iOWKD8ExAO2vFhAa3UsiA+HT7hVCsdTBfn1ugnDW6rmozH9h1DHSA7Kyj7oaHVQZ3f9xAQN9aOuZk4DPXguG5W51h24hG10PpGuMA13m6jLF16FDwd3xs4bYBoq8m+GwOJyNiCFp2OnYsOKfqCbtQWvERvWNw4IJjDQc4P+cUPR5TFDjRUOeg1mqgAfG4R4X4TvzVIrXhrF7THK3S68X4tHT7DM9Di2A3isBcWMFsogylcQwNq2HgBkMxmdSkx5d",
                            "ssh_keys.3": "ssh-rsa AAAAB3NzaC1yc2EAAAADAQABAAACAQDlcKuX5FKUX++rEx3wQxrh3QSDZ4FTRFGeH2K9EbQF7fOz/oz6OAZ6CcXlxmP1HhLTPtGXqf2wKh/wbz6SXyUzE3vf+kA0YhwREmQXNepmEkS9CdmB38NrjqHFq5D7DmXxgF2K3tS1B56yb1tD5v0aZ+Jsbb4xp0RsWHgpXzQt23I/U5m4WKiTyFOVbiBSMobMUCZpiOtF7dlNySq92IPSkSL4Vc/bt5Y4mYWX/9nxXJbD78kzGfPG/iM9Hpw8u0EZMc9wM0GlcFwUcwkBAoCVt07diIsGUgGSWWx6yqtJfpSPmgG9H+YugZ0mifg7aqKIygL5Fe+XDFpQZz4bG+m26e91dMr+JpIHT8wh72fPkwcAh1uznmOWvBXXU+bVleZ/LBLRHGuP828oA1cEQIgfEMqhOCv9Cncy+8ppCaMavTDAHoTl5Zx03JG0vDKN1o4OWLngycf3ktx8f9nZoGgB/cBPl+o4hdtEYWtIYrxOlgiqQaNbqn66ypMd81HhqOiQaOvwz1ZY4v/nNTgYZcjSNHQh74jq5KvJnndJenjtoDD9ezlmCLvTfLoZVTwzfCsl0cpI+aAhhjh5iDNs/ygx3NFSf+oIGOH6iHRv9hZjRojA50c8tr9dWfZTO99y8pGEe6T1z5Kd350NyWbe3bfDexmMW6olmxEusg19O2s+QQ==",
                            "username": "46bit"
                        },
                        "meta": {},
                        "tainted": false
                    },
                    "deposed": [],
                    "provider": "provider.github"
                },
                "github_membership.org_membership": {
                    "type": "github_membership",
                    "depends_on": [],
                    "primary": {
                        "id": "alphagov:46bit",
                        "attributes": {
                            "etag": "W/\"879ece2e261fc78f987d6b0b5fdb2495\"",
                            "id": "alphagov:46bit",
                            "role": "member",
                            "username": "46bit"
                        },
                        "meta": {},
                        "tainted": false
                    },
                    "deposed": [],
                    "provider": "provider.github"
                },
                "github_team_membership.team_membership.0": {
                    "type": "github_team_membership",
                    "depends_on": [],
                    "primary": {
                        "id": "2826122:46bit",
                        "attributes": {
                            "etag": "W/\"0ab514f5e39e3e34e645c160ee884c85\"",
                            "id": "2826122:46bit",
                            "role": "member",
                            "team_id": "2826122",
                            "username": "46bit"
                        },
                        "meta": {},
                        "tainted": false
                    },
                    "deposed": [],
                    "provider": "provider.github"
                },
                "github_team_membership.team_membership.1": {
                    "type": "github_team_membership",
                    "depends_on": [],
                    "primary": {
                        "id": "2826127:46bit",
                        "attributes": {
                            "etag": "W/\"fc4bcf73f9d85659cbf6636e9888348e\"",
                            "id": "2826127:46bit",
                            "role": "member",
                            "team_id": "2826127",
                            "username": "46bit"
                        },
                        "meta": {},
                        "tainted": false
                    },
                    "deposed": [],
                    "provider": "provider.github"
                }
            },
            "depends_on": []
        },
        {
            "path": [
                "root",
                "user_adityapahuja"
            ],
            "outputs": {},
            "resources": {
                "data.github_user.user": {
                    "type": "github_user",
                    "depends_on": [],
                    "primary": {
                        "id": "19972046",
                        "attributes": {
                            "avatar_url": "https://avatars2.githubusercontent.com/u/19972046?v=4",
                            "bio": "",
                            "blog": "",
                            "company": "",
                            "email": "",
                            "followers": "0",
                            "following": "0",
                            "gpg_keys.#": "0",
                            "gravatar_id": "",
                            "id": "19972046",
                            "location": "",
                            "login": "adityapahuja",
                            "name": "",
                            "public_gists": "0",
                            "public_repos": "1",
                            "site_admin": "false",
                            "ssh_keys.#": "1",
                            "ssh_keys.0": "ssh-rsa AAAAB3NzaC1yc2EAAAADAQABAAACAQDZIeNBuz1IYtQR8ZSxt+2reWZ3zgWJNjLNeQxgm/CdQz68GROkGGbHCGUd77is2dSL7NiFbibrCYSsJtjwzTYC1c3ZXHBOfsdBHOql0NvHYB16mAJq7no4ZrfBlO4jzIQHTjqEg9jPdp0mIMaOy4K90QO6aAxW/O31knyNC5mdZ0sPYl66DD3vzECyibaR5YW/ag42UvcFZkzdbMD/vwoq5qQVkVY+yG+R+ILMYqpMzLMeKXXRwTLEZuDdEvRcBZkyIrZfRHfrhyCA3o0ekkeFVTi11UtHtOJ/7W/FjqyQlQal6X5YGwy15kRvUqt2FuUThmZB+Gg7i2t3k2KEILFKVjCkJ748d12LurbjgO1812TvbzAAKWclzgjDNu8YuCRMYY3H1lizDqSmjk5eIMiJTRHrnoeeZ1S5to6G42YVa1Kpw18EOEWOLrLX2MCW6NCp4yi0tkxScQ6U0IyjqzNBhCLSp21JOnKNowzkIxH4LFS+E+8TMCblJJWjjbOI78iFYX0DVtYshOi2tqBo8eNTf63D28lLpAbFq6bzkX9xfHMmxVeiTrNJSfYDiMVyuX6yzV2418BosPUvI+1qwPZ44rvXyaK+XVwuy6ri6Wnc/zEXLnUgxOZ8Tf9TsXLADyd1KBCqqBRuJb1bd1emOc5GSTgj0edjirVtesK3R634wQ==",
                            "username": "adityapahuja"
                        },
                        "meta": {},
                        "tainted": false
                    },
                    "deposed": [],
                    "provider": "provider.github"
                },
                "github_membership.org_membership": {
                    "type": "github_membership",
                    "depends_on": [],
                    "primary": {
                        "id": "alphagov:adityapahuja",
                        "attributes": {
                            "etag": "W/\"a475026ce6b37d3e498af3568eee1245\"",
                            "id": "alphagov:adityapahuja",
                            "role": "member",
                            "username": "adityapahuja"
                        },
                        "meta": {},
                        "tainted": false
                    },
                    "deposed": [],
                    "provider": "provider.github"
                },
                "github_team_membership.team_membership.0": {
                    "type": "github_team_membership",
                    "depends_on": [],
                    "primary": {
                        "id": "2826122:adityapahuja",
                        "attributes": {
                            "etag": "W/\"76c45fe0c33d352657bcc73aaa19f376\"",
                            "id": "2826122:adityapahuja",
                            "role": "member",
                            "team_id": "2826122",
                            "username": "adityapahuja"
                        },
                        "meta": {},
                        "tainted": false
                    },
                    "deposed": [],
                    "provider": "provider.github"
                },
                "github_team_membership.team_membership.1": {
                    "type": "github_team_membership",
                    "depends_on": [],
                    "primary": {
                        "id": "2826127:adityapahuja",
                        "attributes": {
                            "etag": "W/\"a80beb67b36643ef3470d6bd20874595\"",
                            "id": "2826127:adityapahuja",
                            "role": "member",
                            "team_id": "2826127",
                            "username": "adityapahuja"
                        },
                        "meta": {},
                        "tainted": false
                    },
                    "deposed": [],
                    "provider": "provider.github"
                }
            },
            "depends_on": []
        },
        {
            "path": [
                "root",
                "user_alan_gds"
            ],
            "outputs": {},
            "resources": {
                "data.github_user.user": {
                    "type": "github_user",
                    "depends_on": [],
                    "primary": {
                        "id": "26431837",
                        "attributes": {
                            "avatar_url": "https://avatars0.githubusercontent.com/u/26431837?v=4",
                            "bio": "",
                            "blog": "",
                            "company": "",
                            "email": "",
                            "followers": "0",
                            "following": "0",
                            "gpg_keys.#": "0",
                            "gravatar_id": "",
                            "id": "26431837",
                            "location": "",
                            "login": "alan-gds",
                            "name": "",
                            "public_gists": "0",
                            "public_repos": "0",
                            "site_admin": "false",
                            "ssh_keys.#": "1",
                            "ssh_keys.0": "ssh-rsa AAAAB3NzaC1yc2EAAAADAQABAAACAQCeAvAQAnPAQqel8OZaTVSIieqo8pO17hPmV+v7hGlCWb5wuImdum4Wb/6FcTHXpVg/BRE4cbJNzVWyTSOaZdxSOAKEJwEzYBJMG0Fy7gXQPzsT3SQsIicDB0TwqlpubVzJVYESxh8twEMguEUpGxFNftg2rWEKwwdBfsQajwEVLx2Aj6l+TzN4yo2HiosooPbpt8mlNr5DzhXNFMq0yvgUDfTGHOTSRIhQlNHw9umJmWtVroeKkC955PuRqKYa6enB5UgoaukXph5YMoYZWxzIg5NCeSTZqFG8b26kPQ0E0ViQ4zE/niIcafL8OWoPm8NhyCUBLC1DGEX46xwHh5xPiNunLR4HCqRQb6+1H/vCwV6TZMClY66cyEEmgvEBwt5d9urLoZH2VYWBOfxrjeydvrL9OLHddGsEhQ+IH6xxOp1RyOYJpuWkdUwGh+PLqLLRUarcZi/jRxFCA6I0HlkkNF5sEJqaD74Od4J7J9oyTBi+fwIN9gqjI0VGJ4CHRzkxyq/6fQdTpbsayd+b5C3ruvfTT+IwxaFbm8L7YbTgpZ3y4pTSYOxOGN9LYRVx8zQVFm/FYKvdM6oruI1iMuNR7nwbT3VY16uHkl1pTlLUR4rWfMs7PBBmUy3sGpixj2i2RM1Hgv2tJ3qoP9KUAmRHwKKPC68KWAXrFaMSuSK49w==",
                            "username": "alan-gds"
                        },
                        "meta": {},
                        "tainted": false
                    },
                    "deposed": [],
                    "provider": "provider.github"
                },
                "github_membership.org_membership": {
                    "type": "github_membership",
                    "depends_on": [],
                    "primary": {
                        "id": "alphagov:alan-gds",
                        "attributes": {
                            "etag": "W/\"38dbfd2d2de262536355cc1f225ff715\"",
                            "id": "alphagov:alan-gds",
                            "role": "member",
                            "username": "alan-gds"
                        },
                        "meta": {},
                        "tainted": false
                    },
                    "deposed": [],
                    "provider": "provider.github"
                },
                "github_team_membership.team_membership": {
                    "type": "github_team_membership",
                    "depends_on": [],
                    "primary": {
                        "id": "2826122:alan-gds",
                        "attributes": {
                            "etag": "W/\"c5a50a6e02d4658cb610fbaf61af200e\"",
                            "id": "2826122:alan-gds",
                            "role": "member",
                            "team_id": "2826122",
                            "username": "alan-gds"
                        },
                        "meta": {},
                        "tainted": false
                    },
                    "deposed": [],
                    "provider": "provider.github"
                }
            },
            "depends_on": []
        },
        {
            "path": [
                "root",
                "user_alexandergeegds"
            ],
            "outputs": {},
            "resources": {
                "data.github_user.user": {
                    "type": "github_user",
                    "depends_on": [],
                    "primary": {
                        "id": "46684077",
                        "attributes": {
                            "avatar_url": "https://avatars1.githubusercontent.com/u/46684077?v=4",
                            "bio": "",
                            "blog": "",
                            "company": "",
                            "email": "",
                            "followers": "0",
                            "following": "0",
                            "gpg_keys.#": "0",
                            "gravatar_id": "",
                            "id": "46684077",
                            "location": "",
                            "login": "alexandergeegds",
                            "name": "Alex",
                            "public_gists": "0",
                            "public_repos": "0",
                            "site_admin": "false",
                            "ssh_keys.#": "1",
                            "ssh_keys.0": "ssh-rsa AAAAB3NzaC1yc2EAAAADAQABAAACAQCSxiD+sF4m7/Vs5AIpM79IS+sEPPplPbkf1bmcfDN/TrwBNtTjswmeS20V6A6TIUgjf1pTOV0boj1m5enu+98RgwJT5gU5RTERVigDwpuxLArcflXHyJxaxFCJa5Y3ahhkjGmEHhhN4UQJh0S7pMHcGHiu60K9cthKmcNIpU7he10iHgFIE0LnavCgcj91zX6i8n2RlutdshgdFqEm8QV9tSjbAHBNUlsFcMS48g3HEM8forSC7QDfioTHFuQTBdfMaPxoxmmuk1bMt8m6IcLyaZKdHKnieddM2A5E+jd/3Bnvsh5Ue3bC+ZeirFaja2EQwNvHmhsDPu0F2Yc5efZUTl2qDkfsTHl6ML17GNtCJUZc6NTQmVqfT1htMA2s8q7hMEwG/wlwtcsT14b9H5xLLr+PzKgTQ+iXRAWbwviItvWy5dv8oMDZKCBgmMdSxdtjkU4YW7Up5SqxX4Bfuy0ASRbG/lg3DBHC71edDkwtHwdvYe1CzLglr5SC9PiwhqbPgnrgYyCa1ygudmJR5Pqg+jD7UFwNI275UNrFzSObpEL6r1Ct+1Eds5Gm2Zj+KytssgJiWX202+UJG4TdP9Y5ay+7u3nKyXu19EiTet4ZvUeppgAvuRiZVP/Jw8smTwDGUWpdgCnSgUZlL298oGkXyhoIwQKBN5sDpX9KmdTfuQ==",
                            "username": "alexandergeegds"
                        },
                        "meta": {},
                        "tainted": false
                    },
                    "deposed": [],
                    "provider": "provider.github"
                },
                "github_membership.org_membership": {
                    "type": "github_membership",
                    "depends_on": [],
                    "primary": {
                        "id": "alphagov:alexandergeegds",
                        "attributes": {
                            "etag": "W/\"aa3b8452b9b3a30259309e0e518c6db6\"",
                            "id": "alphagov:alexandergeegds",
                            "role": "member",
                            "username": "alexandergeegds"
                        },
                        "meta": {},
                        "tainted": false
                    },
                    "deposed": [],
                    "provider": "provider.github"
                },
                "github_team_membership.team_membership": {
                    "type": "github_team_membership",
                    "depends_on": [],
                    "primary": {
                        "id": "2826122:alexandergeegds",
                        "attributes": {
                            "etag": "W/\"7674de1394f115d2ff40ce7ec455f81a\"",
                            "id": "2826122:alexandergeegds",
                            "role": "member",
                            "team_id": "2826122",
                            "username": "alexandergeegds"
                        },
                        "meta": {},
                        "tainted": false
                    },
                    "deposed": [],
                    "provider": "provider.github"
                }
            },
            "depends_on": []
        },
        {
            "path": [
                "root",
                "user_amritsidhu"
            ],
            "outputs": {},
            "resources": {
                "data.github_user.user": {
                    "type": "github_user",
                    "depends_on": [],
                    "primary": {
                        "id": "24409958",
                        "attributes": {
                            "avatar_url": "https://avatars1.githubusercontent.com/u/24409958?v=4",
                            "bio": "",
                            "blog": "",
                            "company": "",
                            "email": "",
                            "followers": "3",
                            "following": "6",
                            "gpg_keys.#": "0",
                            "gravatar_id": "",
                            "id": "24409958",
                            "location": "",
                            "login": "AmritSidhu",
                            "name": "",
                            "public_gists": "0",
                            "public_repos": "27",
                            "site_admin": "false",
                            "ssh_keys.#": "1",
                            "ssh_keys.0": "ssh-rsa AAAAB3NzaC1yc2EAAAADAQABAAACAQC67vWe2biVQf6EmSoJ7k+9jRQlvbKYU5YkqV86WHQpkKGeKSMXr9DWVaYRbml48kqHbdiAelmhjZibJDnG7wDqac52XkQo2aZ64BBcXx3ALsAa3ppylgXR7wg71P3bIb6OPLy1ejAfsZow9+nlwAR9UmF6nQFZ5J5HepGt6/Gjn5G89F5no6/SEuW5yrL/0ZiP8/i20I7U0hOGtYZyH0IrVR8Ze9eRUTXlzH75RSt5oU4HcIbtobqlE70+3jXp7Hv+IOAYyDNaiA1o4Nmtpw+iSJPRXFkZ6ki9E6UcZNLwdxA6FdXgMI3MhqzqOlsaPAOX5CXBrCe4a9ZJiclRvWlgASyzrNlDidGU7UKFdsnl3aL1xqQOI8SeewKjmgpcUC9pjwYjBMgoArBoIPrVEabhOpuh/vOca5boGs+nB1Gzq8xLFWLIX38mmyOajCXZrmKT2Z5RLtyURsGrKE3el+Zf5fGBBUXH+whvnCe7QC8IfD4R5cgWjICNOYkJ9YgaLIAm3jscu/qx9LNnpR5Qg5CXLca58a5B7PfVJF26ZewZshHLdu2wGcclbMBxIxdYMYc++Gl9A6+9bO0OITV4+oVMZpQimDvz9H/5QtrFd4Ja1Ae0R+2bo1SYiLMEeXwaYcfNUNClE8S0WIVJk0erdZfoF3TxajTT1/V2w4wkqWPKqw==",
                            "username": "AmritSidhu"
                        },
                        "meta": {},
                        "tainted": false
                    },
                    "deposed": [],
                    "provider": "provider.github"
                },
                "github_membership.org_membership": {
                    "type": "github_membership",
                    "depends_on": [],
                    "primary": {
                        "id": "alphagov:AmritSidhu",
                        "attributes": {
                            "etag": "W/\"f8472d00bee5c7fb1f5d78b6fd998060\"",
                            "id": "alphagov:AmritSidhu",
                            "role": "member",
                            "username": "AmritSidhu"
                        },
                        "meta": {},
                        "tainted": false
                    },
                    "deposed": [],
                    "provider": "provider.github"
                },
                "github_team_membership.team_membership": {
                    "type": "github_team_membership",
                    "depends_on": [],
                    "primary": {
                        "id": "2826122:AmritSidhu",
                        "attributes": {
                            "etag": "W/\"7830d166b827f7c95561b24c34834879\"",
                            "id": "2826122:AmritSidhu",
                            "role": "member",
                            "team_id": "2826122",
                            "username": "AmritSidhu"
                        },
                        "meta": {},
                        "tainted": false
                    },
                    "deposed": [],
                    "provider": "provider.github"
                }
            },
            "depends_on": []
        },
        {
            "path": [
                "root",
                "user_andy_paine"
            ],
            "outputs": {},
            "resources": {
                "data.github_user.user": {
                    "type": "github_user",
                    "depends_on": [],
                    "primary": {
                        "id": "14118619",
                        "attributes": {
                            "avatar_url": "https://avatars3.githubusercontent.com/u/14118619?v=4",
                            "bio": "",
                            "blog": "",
                            "company": "",
                            "email": "andy.paine.github@gmail.com",
                            "followers": "2",
                            "following": "0",
                            "gpg_keys.#": "0",
                            "gravatar_id": "",
                            "id": "14118619",
                            "location": "",
                            "login": "andy-paine",
                            "name": "Andy Paine",
                            "public_gists": "0",
                            "public_repos": "15",
                            "site_admin": "false",
                            "ssh_keys.#": "2",
                            "ssh_keys.0": "ssh-rsa AAAAB3NzaC1yc2EAAAADAQABAAACAQC2AXG9PeZMkKVhehcL64HzGfjlOUovVEObaSPAGm8ZFGSe1Pcge8N1wS+eTQBlMU1c+mnuPs6oXkgJORYi0MBsRnXEDMvRkQQ0hiajrbiYKvLPhvjkoYTFClDVEhZlV+LFaMbXL/IqGTax7PhE3K0gIxbZMh2CfzbbDAXDDO/qIvRh8boDi5zEnYM2oJ+iKU+X8sPd4Wafyh9iQ6n2URYr8TBM/lYWKrhqfo0u2FuBVyMNQHXGILSXemdKmubZjuclG28izMBESPWjndWdodNUHlUX+9Sp144/psvzSw9gLBwzeTqFDAJ7JokNtaRvSDVO0RB8tZwIMB4SIYLBNbOPwgskE86xyfs13AFXo5HAdYfQRYyN6LMrJ3+KYzHj/Nt0qywV5AtP29BQERgqL8ZwyeE4mkKsVv1kmtTe8yIRfB5eMIGCb6G9xvKf+bZYqLOIfJIRT+ulRxOaI8fQnPtvAQgZj/BoDBNwoJNf95glmJ2DJT/IRCiwjA2pAy6HAKh4p/NViJNdcTwRaTsTaxq/OjmYMk28JVL6QPXtuObP94WEdH5r/K9z2DJrgbGcvPdlpkH5XL2unYhSmSm6m94sRRC+Byvx+hR9h7dmON80BCbGXztwAwjQ5Qe8iTnGBZcw7datmx1ccjDJBVefk9ITCpAFTK4zCk73f3bViQkzaw==",
                            "ssh_keys.1": "ssh-rsa AAAAB3NzaC1yc2EAAAADAQABAAACAQDEIzbqg/oE8ewZjWVzO2nYNST3jrdfSzHHIiq9X8e8NcFZB5X0KY74FScNWgduAA1LnqlCCvPQuIH10XGQQQUGE+/uV0jD3EJiEZrMKo8udkl/actXw5Uaj1Bc0MO/4f0MM3Y3XMeDTUKNw0Ks6chRYC4l9lcJpcnr14vxwj0ABiduY25D9DLnP3j1PeMj6+EhbqrcCq0c60XuQIEU177v1HA/02L6OTljBG+exuaht/VcjS3nD34/UVhBK6UlSdCFC3m4Z5F5oNMpDhWNIuu/soa6cwHN4APK4HTHc9sVt6UfPjbyZObL2dsCaO3/QGmQ+UodUQRy0+6GEMXCQiB9oHgGjlpIjqJAKuv9oGb6vShqbntjooRGe1R0cYk99BBoJG7MzXqkL1pEnIDfzSXfFqelPXAcVUwwuxggf/YYMyJD1c6eRrnb116nKq/dj2/bUMcxh2LUYRYin0k+hkaSxpq865nwRVPNWRNJnCSkEYPKC6Nrbj3LkysK85tNJ5EoWvjwbRtP+fv0YYB7M2q9FC8i5HFjPp02lJXgL82CFeHArj6zYVjRT5bGd+UkIqI8b7aJEGjXUBJvWA4J9VgZgqRzhBc54LQIcrk1LeDZCDmzwhjQfl016yArhf6Vd1fU1CHVsZthbVNXSIau5nl+m2Iv9+ynbwk06no9tUDYaQ==",
                            "username": "andy-paine"
                        },
                        "meta": {},
                        "tainted": false
                    },
                    "deposed": [],
                    "provider": "provider.github"
                },
                "github_membership.org_membership": {
                    "type": "github_membership",
                    "depends_on": [],
                    "primary": {
                        "id": "alphagov:andy-paine",
                        "attributes": {
                            "etag": "W/\"6d77d2381163a5d76aff5903e99739be\"",
                            "id": "alphagov:andy-paine",
                            "role": "admin",
                            "username": "andy-paine"
                        },
                        "meta": {},
                        "tainted": false
                    },
                    "deposed": [],
                    "provider": "provider.github"
                },
                "github_team_membership.team_membership.0": {
                    "type": "github_team_membership",
                    "depends_on": [],
                    "primary": {
                        "id": "2826122:andy-paine",
                        "attributes": {
                            "etag": "W/\"ba685268aedede7ca348c9923bd6d470\"",
                            "id": "2826122:andy-paine",
                            "role": "maintainer",
                            "team_id": "2826122",
                            "username": "andy-paine"
                        },
                        "meta": {},
                        "tainted": false
                    },
                    "deposed": [],
                    "provider": "provider.github"
                },
                "github_team_membership.team_membership.1": {
                    "type": "github_team_membership",
                    "depends_on": [],
                    "primary": {
                        "id": "2826127:andy-paine",
                        "attributes": {
                            "etag": "W/\"4d7f45705253e5ca648686702e082a7a\"",
                            "id": "2826127:andy-paine",
                            "role": "maintainer",
                            "team_id": "2826127",
                            "username": "andy-paine"
                        },
                        "meta": {},
                        "tainted": false
                    },
                    "deposed": [],
                    "provider": "provider.github"
                }
            },
            "depends_on": []
        },
        {
            "path": [
                "root",
                "user_annecarr"
            ],
            "outputs": {},
            "resources": {
                "data.github_user.user": {
                    "type": "github_user",
                    "depends_on": [],
                    "primary": {
                        "id": "7550015",
                        "attributes": {
                            "avatar_url": "https://avatars2.githubusercontent.com/u/7550015?v=4",
                            "bio": "",
                            "blog": "",
                            "company": "",
                            "email": "",
                            "followers": "1",
                            "following": "0",
                            "gpg_keys.#": "0",
                            "gravatar_id": "",
                            "id": "7550015",
                            "location": "",
                            "login": "AnneCarr",
                            "name": "",
                            "public_gists": "0",
                            "public_repos": "10",
                            "site_admin": "false",
                            "ssh_keys.#": "1",
                            "ssh_keys.0": "ssh-rsa AAAAB3NzaC1yc2EAAAADAQABAAACAQC80BPoH8eXPf+0xYbHrjQDHkQKl40JN1ffhYDwl6YmvfxMN2AUgAvJvaWmDauXZ3Rya3BLTDkf0uZOMtvuwaNln0xPkNgRxBZx50l0w28bhS5SRRZdGVnbvFBSTFZL5F+bfQ0g05av16RVp+TGIrZotzDqpdByP2ktkzfdSmuhhrvYa5aTkMrGJkrBN5mZWE1CNdOrghVjVH+dlp96EyCnMr9zQZUuuaff0ehPx2+Vwo3gbnHxHmljvAHPPPuT0JFd3rIHHIHjKqTSjeuaUfCq2YZe25wy4lHkyNQOdETrufDVv2M+O5rMrdkcfM6ypMJ/WS03y7ouVrbWdjsAf54PLNLGmfRV2K1s1TKRxZrpn1Z0/I+A0QDgvux2rwT8jPX3HrnXJaKVAedAcb89AjCXmW0hzKFusQxP+Cw/pmbgdiX5rpBXhwq76wzLqkn011jgnchfOW6sxRQ0t/QQueUT45CqrvhV6uLXaZLL7LkkX2gyLG6J8wQtizXogyO2UCnnEqvbWK5hf3ltDVldTcyGlZWZWdy/2IP5eR4D5FFMnk8It032rSdaDgDqQuQXeSLDj9nKMsUjXGHJwq3gqABpyAMYByi6JcdUzdefPqMPUg86LWACTHfHUsDirc1MsLQirnJESd9UOqlxxLg+vIZTX/EZ8Z6JL0aJxbk6dzv7QQ==",
                            "username": "AnneCarr"
                        },
                        "meta": {},
                        "tainted": false
                    },
                    "deposed": [],
                    "provider": "provider.github"
                },
                "github_membership.org_membership": {
                    "type": "github_membership",
                    "depends_on": [],
                    "primary": {
                        "id": "alphagov:AnneCarr",
                        "attributes": {
                            "etag": "W/\"41b137c5e8d1bed4cefc265e7f8c8be7\"",
                            "id": "alphagov:AnneCarr",
                            "role": "member",
                            "username": "AnneCarr"
                        },
                        "meta": {},
                        "tainted": false
                    },
                    "deposed": [],
                    "provider": "provider.github"
                },
                "github_team_membership.team_membership": {
                    "type": "github_team_membership",
                    "depends_on": [],
                    "primary": {
                        "id": "2826122:AnneCarr",
                        "attributes": {
                            "etag": "W/\"894c235e6989e1c6d64512feedc7f2ba\"",
                            "id": "2826122:AnneCarr",
                            "role": "member",
                            "team_id": "2826122",
                            "username": "AnneCarr"
                        },
                        "meta": {},
                        "tainted": false
                    },
                    "deposed": [],
                    "provider": "provider.github"
                }
            },
            "depends_on": []
        },
        {
            "path": [
                "root",
                "user_benjamin_mortimer"
            ],
            "outputs": {},
            "resources": {
                "data.github_user.user": {
                    "type": "github_user",
                    "depends_on": [],
                    "primary": {
                        "id": "21359750",
                        "attributes": {
                            "avatar_url": "https://avatars1.githubusercontent.com/u/21359750?v=4",
                            "bio": "Associate product manager at the Government Digital Service.",
                            "blog": "",
                            "company": "",
                            "email": "",
                            "followers": "0",
                            "following": "0",
                            "gpg_keys.#": "0",
                            "gravatar_id": "",
                            "id": "21359750",
                            "location": "",
                            "login": "benjamin-mortimer",
                            "name": "",
                            "public_gists": "0",
                            "public_repos": "12",
                            "site_admin": "false",
                            "ssh_keys.#": "0",
                            "username": "benjamin-mortimer"
                        },
                        "meta": {},
                        "tainted": false
                    },
                    "deposed": [],
                    "provider": "provider.github"
                },
                "github_membership.org_membership": {
                    "type": "github_membership",
                    "depends_on": [],
                    "primary": {
                        "id": "alphagov:benjamin-mortimer",
                        "attributes": {
                            "etag": "W/\"f33ae863849657618ebfb5dca1ee6f7a\"",
                            "id": "alphagov:benjamin-mortimer",
                            "role": "member",
                            "username": "benjamin-mortimer"
                        },
                        "meta": {},
                        "tainted": false
                    },
                    "deposed": [],
                    "provider": "provider.github"
                },
                "github_team_membership.team_membership.0": {
                    "type": "github_team_membership",
                    "depends_on": [],
                    "primary": {
                        "id": "2826122:benjamin-mortimer",
                        "attributes": {
                            "etag": "W/\"0d159b599f3118b3be77c39acb440d23\"",
                            "id": "2826122:benjamin-mortimer",
                            "role": "member",
                            "team_id": "2826122",
                            "username": "benjamin-mortimer"
                        },
                        "meta": {},
                        "tainted": false
                    },
                    "deposed": [],
                    "provider": "provider.github"
                },
                "github_team_membership.team_membership.1": {
                    "type": "github_team_membership",
                    "depends_on": [],
                    "primary": {
                        "id": "2826126:benjamin-mortimer",
                        "attributes": {
                            "etag": "W/\"9dec99e6cd08f42e240acfe51e1964f2\"",
                            "id": "2826126:benjamin-mortimer",
                            "role": "member",
                            "team_id": "2826126",
                            "username": "benjamin-mortimer"
                        },
                        "meta": {},
                        "tainted": false
                    },
                    "deposed": [],
                    "provider": "provider.github"
                }
            },
            "depends_on": []
        },
        {
            "path": [
                "root",
                "user_bjgill"
            ],
            "outputs": {},
            "resources": {
                "data.github_user.user": {
                    "type": "github_user",
                    "depends_on": [],
                    "primary": {
                        "id": "15256121",
                        "attributes": {
                            "avatar_url": "https://avatars3.githubusercontent.com/u/15256121?v=4",
                            "bio": "",
                            "blog": "bjgill.net",
                            "company": "Government Digital Service",
                            "email": "github@bjgill.net",
                            "followers": "4",
                            "following": "1",
                            "gpg_keys.#": "1",
                            "gpg_keys.0": "xsFNBFWJTc8BEADGld6tfhexK55hkU+WHa0zZR6HiIYKkgdUp1VnV8TZBnyk8vRQXunhVVcFsWaIJkJLbq3rvUbDBf3NZoLoQdBP3aqLmOiGJ+MsDYEazqlokewETKg10a2EAgQLSdZYocpWDMffEy0mBIIMiySPz+eT4x6UNPKljI5+HAzdEx5MaVRL4XE595qlq27xdwwFZ3VBsAAHgIfI07y6VI6EeGJeslf2bJU/dVy0xW+A0Eflg/leXv4tau9eZaqBXwdhcoMtLjD2zkrwrL24/CavrCBHLJKFzOrSSOdM1kgx6/6w/4hmB22phes9NSQVATzMZYRvSMEfcNgFY/Xb+aAfVN9v/H+0DU+CgcXYmEk7Emuju5Iqxf/Bdcf+WIxRlHWCKsqR3essdgcCWcE1iNtpPMgCBbnWNtz6ERtHCJsCSy/68mbrxKQ6QqjrTjJQR9uTkS5mvf+7uHch7BVbXV27c+duxnXmlWm8+ZUgSLJhi1uWMCO32Xo/D7FEHRPJomHFpEYzZM7TTRAh/Epo4PuwJ0iGmi6Q0XpJkdDMvc+RMXSmMnKmjQecYSfdIUrwbraEkEy56U58kTj+EytVW9dmnIgJNogyVg7XJcmvm55ZNjOSbqb59uUeJAI4J7hY86LSi1nCEK/BsHuNAbj06YR94SSmYsD9IUKWmjvVU9tiB2XA6QARAQAB",
                            "gravatar_id": "",
                            "id": "15256121",
                            "location": "London",
                            "login": "bjgill",
                            "name": "Benjamin Gill",
                            "public_gists": "4",
                            "public_repos": "27",
                            "site_admin": "false",
                            "ssh_keys.#": "4",
                            "ssh_keys.0": "ssh-rsa AAAAB3NzaC1yc2EAAAADAQABAAACAQDzZapTMUzCZciSFPfKOWmIh6Yn+HKIm9cpAaYrFChKwk2Z9y4Fl74WsexVJnUSPCB0kHFb5EA9pMdy7R8KkUNoxbCc2r1kvR49m6uMNEPQzvQzGPf8DqxXTkR8MX9a4Kvp0Tn6YqMmdwLnVxB3WGtfSn+RYu6DFD9mQZJPQlQysJ2hMW1p8pzmnhM+z/GNBxRbUfa7+1wVt6yxx8POm1sa7JCC4PygzvCnwsbr6eIPKWfDyf5yBQyjZ28C993xJVfvbMonZDa+qI9QQh2rNFtisC+vRDJTPS3fbu5dcYblQFqts8XKsHwQUl8mnDzIxrVoNQ/zsBvm5Z76QGU8mk45vCsE2189SG0sLC4YzDwUVPFJcRoKd86kBRkLXvsM3OtuchhD1fQJ1yBkg4kfVdsVNwxgKU1rvOnCTZLJTLUM+y8/ztkLnIH1Apun7RJnNmYS6dakz9j0qMzBpb4OpmWUvKWU06zP5N5Hf8YhcdJxE2PZxqq0gdtq/s++b2I3sC1H26g3x6NShsjbkabJVPOrQP3n/0mUd2M97zdi+Hd0DqbTN0D9K5jh1zMB0Bm0+I4tbbaSBqqp8/T8obqYyCJgBkRD3Tq9DdfpxYOmpe2bL3KFiSCFWuSiOYgvWnA/FhZJ/A2TyuhInPmTmPVWnIwgeKIfgXSkT81J/HgclU5Wjw==",
                            "ssh_keys.1": "ssh-rsa AAAAB3NzaC1yc2EAAAADAQABAAACAQC/sRPSkhx+BnzYQOv3tKwcolxKlbiZpBS3yumjk6khHKPHlunqOxhLmuRBAS2C5y2IypWQBnTPKJVQ51ain2U3E5DgTb3j/xNIdStns8cEOt3vmfHx+IBmUNplseEeSxpcuQk+EktoBXNC8csefClVves8A+8CMgSDjuvsVWy5kuEeysTY+xzl3KhcoU4rD1pZULANY4E+rRKocA/GXdE3sDdAUskEhVWXxdI4w45z1fpFdEubXAlwimtq0g0aB4Kg0noQyXozNx2OV1B0kEY1Gx1L4Z4v9j/N0xO2cWhkflGS7k62ELd/aqFp9ABIbS4IUgoPhkwPI5aCTEd8t7Lp3P5rWb2Qthzopk2o4xKV1d4UsF8y54duLD78tUhAVdhwndnJu8TTsDGpZCd8dCfB1C+0MwaHePj34b8FM6Plfs7L9upYIk0dPpsMObOcybTb0yuLOw2ga/Au/48cma2PTLKJ/Qg1zPOyMuB/3NvCiOPeGhuMroOFkOTZDn4duwNRKxO1ph76PD+AzLJqX7Ha1CbU6glePgMMtFTw6uzRWPJo1LcErHXGz2lLqYJ70A3ztsoQeDPINVHlmxzkG8U0UTqktxcybQXoL8UHxMMpTroOSjmPN5gwnRpoy4j/TiNvQn7wIzYzCIXGr8b71Qr0J2q2N+ngrqTo/ASU72euYQ==",
                            "ssh_keys.2": "ssh-rsa AAAAB3NzaC1yc2EAAAADAQABAAABAQCxtZIpLzkoy+Nm9/PvzFRyMhjnmH06BaH6x4LWMLzJHUOOdwwKl1fGhEC5dvQgbXGTc28SthJ7dKxrjLHtf3PojqE0IqGOObsUzUzvCQKmvN6Cn7W7bC8Ep9LG1ygsGo4CVTdWZfrkz6Mj3uGGHbqYb98YlI4/3QFuYXe1qZVtsLlOt+psirbrDxKwtjkkD9V1RZkSNT+uqi99Iy7yivW3LQt5Nk3DQj0bAVhWxGWUppl/+QeIWrNkgRqIR6Yf6jn+67ovLVJTYN78heS/lNE8A8NYq+q0GqH0at4RhNkIGYtL56W/FRclygH0EY3WcLkfRdQy+lD26TpYjopUjlFn",
                            "ssh_keys.3": "ssh-rsa AAAAB3NzaC1yc2EAAAADAQABAAACAQC2ppErIrkOiaW2vN/IIQSf1jpwRZfNefKawYcxzptQAYz1G+e9JFXP2acfUOytorFR8WR601xZ5ajhfcXCK1ZPUdfHzC+Uh3w9/iVnwOnoMGlmHKET1NR8W5wi7n7wLzt/vvBW2ePvvSZM/KEob8Qxm3zSgXY/V8E8D8zL/vI6mNufKMhijJ2fN9Eth8x+atH9G0ovW7rJX7WyA7CB2+Q7rfbEP6aCaRtF5Tod7qDYnNL21hIaX11d8H4uMZM0Np/D/auxKqWkAxq+eD0zseharUDfaNUrbwwf2Z65Q6Em78Vm6mES7ZK5ukX4NIDiid0nRoLOGf7D7DfrpPctgpA8TSU4gDiWiOAZG3imGKL1ceJuYmN5WnR1C0x34WtYC4aWyeiAhTYYqWphfMyPWCA9ixfr+Bl0V2fICGFvyMxdte9fwmO7YQYnvlZaEtcCivmjczEZ51U6HncyizopE1ELKr1KNj8OaOqMobZx4E8vHEaMjbiMJ7xfuw1rD1z5qbYc+4macfFyXO0SzF0zTaogFf5dCSNPDaGnByJSNRHGDL4XRiAY5luLLYhvYWkcGgyJWyE1tRkH/T/7zLSgziEIMXrtuWnU1j0zpg1nsOTqExWH2ITgiDfUpe5ChWHzNyk5KUzhylwZCOFh4ppb3l7JATX8A0xjyvxT7xYCY8m11Q==",
                            "username": "bjgill"
                        },
                        "meta": {},
                        "tainted": false
                    },
                    "deposed": [],
                    "provider": "provider.github"
                },
                "github_membership.org_membership": {
                    "type": "github_membership",
                    "depends_on": [],
                    "primary": {
                        "id": "alphagov:bjgill",
                        "attributes": {
                            "etag": "W/\"983732c8b7eb460150dccd672917845c\"",
                            "id": "alphagov:bjgill",
                            "role": "member",
                            "username": "bjgill"
                        },
                        "meta": {},
                        "tainted": false
                    },
                    "deposed": [],
                    "provider": "provider.github"
                },
                "github_team_membership.team_membership": {
                    "type": "github_team_membership",
                    "depends_on": [],
                    "primary": {
                        "id": "2826122:bjgill",
                        "attributes": {
                            "etag": "W/\"1911366d5b42e8a33e7b4b47f091954b\"",
                            "id": "2826122:bjgill",
                            "role": "member",
                            "team_id": "2826122",
                            "username": "bjgill"
                        },
                        "meta": {},
                        "tainted": false
                    },
                    "deposed": [],
                    "provider": "provider.github"
                }
            },
            "depends_on": []
        },
        {
            "path": [
                "root",
                "user_blairboy362"
            ],
            "outputs": {},
            "resources": {
                "data.github_user.user": {
                    "type": "github_user",
                    "depends_on": [],
                    "primary": {
                        "id": "12373655",
                        "attributes": {
                            "avatar_url": "https://avatars2.githubusercontent.com/u/12373655?v=4",
                            "bio": "",
                            "blog": "",
                            "company": "",
                            "email": "",
                            "followers": "2",
                            "following": "0",
                            "gpg_keys.#": "1",
                            "gpg_keys.0": "xsFNBFtEeJABEADjtg/GMx7nQIAncpl7LYr3xdLA9Clsa7WLhNGJBPgV1draI8CKwXDZM1npS6OoafunUOEzEq9g/WutCcp2+XZoPkAHc4Ka9wBJ6ovyxR84ab/gv33S+lsgFAHJCrYRSkQ6ba9OPKjhn4fWeo594cyndpVDlOfcdMFV3N+I+IvosJZpFWrGTv7zOkAyid8M18ckkVxZcOdQmUuhlFi+VEt884z2z5luEXMUlzdwlv6fTYE3zZce7XjEmTXZKIL04340z+xQXi28ln9OLDiRsDSzFg4AZJolma1rV3WKrEErFLBqtHpz4FchsxtiFixDfhRJu5hkCVUG1RM3kF3hkI6ZsIIGQidB5u+/5dgcclg/kJXx7VT0aEjLLfdGoNwb1a/9gXQKvnXnyCH7L0iGL/AffJowiqnAX9qjLm8HncKZhRzhgqq1bm155TtZvP9HE2wVXGUwhLe0NoifE8N2q1SQ7M7Pjhaq0x5tZEIXu3D3S1ldf6mQFRQdO1bVhAmftM+1eS8RDP2hR423Via1FaQKWnqZiKLUuVp5rpUVjm71VVTgT5rB8E1xO7IlIoub2lk2TJ8e/1WKYTczSqW6Ay4O2o13Gcw9qnVkUYV4KWZDzIVlI21hNi6JdD3/pypl0sX+LPPrsQx4Gj9d8kvIIEXs0DsYYFYclK69zFbrawL10QARAQAB",
                            "gravatar_id": "",
                            "id": "12373655",
                            "location": "",
                            "login": "blairboy362",
                            "name": "Daniel Blair",
                            "public_gists": "0",
                            "public_repos": "5",
                            "site_admin": "false",
                            "ssh_keys.#": "3",
                            "ssh_keys.0": "ssh-rsa AAAAB3NzaC1yc2EAAAADAQABAAACAQC3JtcTVSxumPqxdYOtsi60oCmOEE8UgfVzOcnjjgg3bgyYotk3nW4fzhKzPI1AslsvpH6CfD2+32Lq2W4PNNr1otrQ4RYYd9fRznqvei+h+M1UGXNqZhYue+ZRyhwz1bASfdjmTPbUhYk4lWiVHhFKlGKfvqK0HilzVGiRg5forZfeLh/Tqj99d9DjlvZx1UH6oYYCSsU96afiKl5BTBqUYKR75FYhqDaQT7OW4bUkMF09t2vtM7rqpNIQHkahbizGELSEZLaGieuK0Eo8GqcaCF2plJV3mJifP+v2j4d/nNI+Trlsg2hCUteC5mFWoOLDdIkA+rJU+u3T+SNQ/G+3glInAfDbFIeNgL6aLhPoWIYRCpGDXY+2kZZhmD304v42tKrd5kacy4xRtDLAoTNlkj01lz/1eSg4A9ftN4L7RBOXsuPPWWyX5GlVbepmrn/ND0pT6ev826BC0QkzKE5t3AqrtvooHmRUKc4INE5ybS1MZ7z/z0xu2Woe3qywxzDZNVj0dd8jWY1IyeWEzp9bb1F2C2nibUUI8WGh4WsqYFO4tSXlrhYz1kdNNpvWxGkrOadU9O1+gCo/2Jaerd/Gx4ObySJyNpyTzy3Jy1KYYoGzEG8A2tAH6asSbOTHIiXoNP/1aTSiBO1QeKmT4zVJERhPkoolFtvqofwCTarUzw==",
                            "ssh_keys.1": "ssh-rsa AAAAB3NzaC1yc2EAAAADAQABAAACAQDhje7LMEsP8/2HFBQHvGbwAVRzUuNuVZJhVjHRoZxvARg1nn9D1bWx0FnK9aWL7cmu89P8pQiWGBEjWWZzHjZWnFJ4d5hu+oJliRySbhskiuVCSgP3Z0Grx/Q4cJu35O1LkwcVi8ZbYk/Ud+5pHa/U6i8bYcvxSVb2bEY9Q2t8dF9ev1aSRNNaOj7Y+2aenAwPo9Whr4DryVrAjI/CC7phv6SOSJ4o9y5Ro3Z9yEfy42wOOEL2+Q/6j9dWMVGyuaZkJ9eXRAeRHkcpuUs/kDR07bMBUolz9tfaMZWNtGgeEgm/r39fnvs1B08Pv0sHeYxh1QrNhzG076lhSVuTzxzPYplehgZNeOVseotQHRufsVMXH5paAIMgkXISUHF1dnX4U/7biSldiCG1JNvFCcTTLTEtsPC0H8Hxt5PEr8vVe4Tdfk6KVjZOVdi1alOiDyw4O8jdNKrM8gDE83tG++/RRptxu4pBvdX65AnQeocsA8S4l9hLdB76duQYAjF6iV37rheioOj9jPJR4wi8zajeNnyDbxC5B12I7Pnqz6DQvQkvADK6x27dA6mAVIqq6ORXCXENjh8W/n+9Math2l07csnjzi67np/8a9Gn01LT9xr/xFZgY+ztnHRtDSnxXfKEx3IpOvgfmP6qan3nAIMVmfkcSWd9tnC1m+qQDy/nNQ==",
                            "ssh_keys.2": "ssh-rsa AAAAB3NzaC1yc2EAAAADAQABAAACAQC2mkHco9DUiVq9bRiDgC0gOJPqgMN92LvX0KHNPFgat+T+MzwJ9nEHH00A4e2oJFCUKaGgQ5O+4ZZGdChzvdTfcQMi//MRNMzivGYIJsqUa5FUpCqxq4YOqTx+HViq9ni2oeYsAUNGRSy2HNtIEooVjx2g/ZVLKWnRALZCTKFHCOinZiassXcsmqb1WtyPkA5FazBdJQ+NMsjl0k2R1N119Hx6kUu9+ufTfJDGEANAO++nYKJRah0bcX/7XWTZ0SPUa5bIIsIITF6RHGS9nyz9KwZvli2GyDFMqQ2/AsoVCtbZuYYIFfbwT63Uluu3Ev2HKDa2IFn//ENgaeQl0WI46CiyzjxA84yrwEsJ9FtCNwPZLQ2vjIi6WzwZuA4OWCS4dCBuy2DgnxuehsZuVH60GBzeKWoLp0oHLVL+tOzNmXpJybPpMvyR0g++bs5FbzuzVl4bgCOsiF+80QdylOmal5o2IGLf9IvW+MtM4sKhSLhH+yGiD5ZhZhSr7gt6fU0GBnaFb27Qbc6xOnR29d4nGfwzDLKHMOE+XqLbBiIqhw0XrOsF+oS39zRObpYmsvi9UOg2QQXMjoaEKq6HTEzTZjpHgJViLzwh2EOOf4LrgI/iBWG7rcz3CNpV+65AYpljfskci6lOqg/HUY8AHVS3zvT3bWmKgCDeiZCOQ2lAfQ==",
                            "username": "blairboy362"
                        },
                        "meta": {},
                        "tainted": false
                    },
                    "deposed": [],
                    "provider": "provider.github"
                },
                "github_membership.org_membership": {
                    "type": "github_membership",
                    "depends_on": [],
                    "primary": {
                        "id": "alphagov:blairboy362",
                        "attributes": {
                            "etag": "W/\"b8808e257c713a25df60355d2621679c\"",
                            "id": "alphagov:blairboy362",
                            "role": "member",
                            "username": "blairboy362"
                        },
                        "meta": {},
                        "tainted": false
                    },
                    "deposed": [],
                    "provider": "provider.github"
                },
                "github_team_membership.team_membership": {
                    "type": "github_team_membership",
                    "depends_on": [],
                    "primary": {
                        "id": "2826127:blairboy362",
                        "attributes": {
                            "etag": "W/\"d150d548f57da8986f0bf0e87a3e03b1\"",
                            "id": "2826127:blairboy362",
                            "role": "member",
                            "team_id": "2826127",
                            "username": "blairboy362"
                        },
                        "meta": {},
                        "tainted": false
                    },
                    "deposed": [],
                    "provider": "provider.github"
                }
            },
            "depends_on": []
        },
        {
            "path": [
                "root",
                "user_bravegrape"
            ],
            "outputs": {},
            "resources": {
                "data.github_user.user": {
                    "type": "github_user",
                    "depends_on": [],
                    "primary": {
                        "id": "17963330",
                        "attributes": {
                            "avatar_url": "https://avatars0.githubusercontent.com/u/17963330?v=4",
                            "bio": "",
                            "blog": "",
                            "company": "",
                            "email": "",
                            "followers": "4",
                            "following": "3",
                            "gpg_keys.#": "0",
                            "gravatar_id": "",
                            "id": "17963330",
                            "location": "",
                            "login": "bravegrape",
                            "name": "",
                            "public_gists": "0",
                            "public_repos": "7",
                            "site_admin": "false",
                            "ssh_keys.#": "2",
                            "ssh_keys.0": "ssh-rsa AAAAB3NzaC1yc2EAAAADAQABAAABAQDNdyEwwLId5/Eh16ATVG57FsMdWyqVv6OhXpgXRaGNZOz8/MYyM5s0u0zK0q/bKTHFQgOdn9052Ddr06gUeaW96b+nIfpN44ZX4XVX6hlxkhJ6i61biuPwfz+vIDchH6dpehCafYZJSnVt/h95WsZp3QORImKoCf2RMGER17dbjOLzMi1X2F6AKS/k1h6nT8fOcczV98DCDV6TTzgCvsSMOfo7W9D5jOPHwoZ6v9inqCN7DO1ZhnLOZ81OmcPSUmaRXjx8yS2aoNkdCPkz3ElLGC02o8DS0X6bJ4Lt+pdgWke0lr3XoFMGWvXYO20zKeqZcIDdGaiClfQJm9mLMBF1",
                            "ssh_keys.1": "ssh-rsa AAAAB3NzaC1yc2EAAAADAQABAAACAQDmeNS67e6GILL+tYA0+eETtP1caA5NLqGqk3ZelNeR/Hvm7OX+VTq66gCr7gLry5emhF9O2+mncAKbHtKRd19GCrnzt+R4AyRN4WtPUORff03s5rKDmUXHA9ax6fSrEIFkZ1SDj+Py1knQmd9j6kNFljQPmPEkeIot95NWmGZFuz1d4kaQ0Yx538t0KbR2pebVOpC7xv7/PWWLEelxWfnJ3B3IJs3OK8BCtB1MazY0uLmo0Ty7HkjzW7ybFXko5S48YE9W9MdznGVwDTSX5rIByv0uPjtaLKUkWPxwfoSOu3QH02KvckdU4i50MrbECiSMJmfj9tdZfFLVNTh95qFA3M/72alAokvQCJnouXfSCzsk1R+JTEeb+eQi69aLx/fi1jJE1Y0xA0vSNPJs4UGf8Xb2qRZzMNsg7xBRXTlenKYQawIQYTI+H9tbftn9+zy1WDVWCq7zMkcyibbqyAvWEJail5Yv+jqLt1wVuaNtMjJMkaa9GV4FgAgKFwIRlKQRNsWzbIgK0DdanMby5hQVtYZRr+Jgj1naQmna8aWd7XT7thdXlEYf4YqhNR6STkJDG+kFnx1/0y2M8JZqTwlbt+ahPzSpXVh6TlZkH0TulZkVZPoNX4uBMTDuSkfbqab5h+K6M544As7gjtteJK8KbSBlOGtnKdeMU0Ylbg3BTw==",
                            "username": "bravegrape"
                        },
                        "meta": {},
                        "tainted": false
                    },
                    "deposed": [],
                    "provider": "provider.github"
                },
                "github_membership.org_membership": {
                    "type": "github_membership",
                    "depends_on": [],
                    "primary": {
                        "id": "alphagov:bravegrape",
                        "attributes": {
                            "etag": "W/\"1f7076821bec89866d6a808884d54c1c\"",
                            "id": "alphagov:bravegrape",
                            "role": "member",
                            "username": "bravegrape"
                        },
                        "meta": {},
                        "tainted": false
                    },
                    "deposed": [],
                    "provider": "provider.github"
                },
                "github_team_membership.team_membership": {
                    "type": "github_team_membership",
                    "depends_on": [],
                    "primary": {
                        "id": "2826122:bravegrape",
                        "attributes": {
                            "etag": "W/\"fa656bd7e2f34c06b96da1cf3dc534f5\"",
                            "id": "2826122:bravegrape",
                            "role": "member",
                            "team_id": "2826122",
                            "username": "bravegrape"
                        },
                        "meta": {},
                        "tainted": false
                    },
                    "deposed": [],
                    "provider": "provider.github"
                }
            },
            "depends_on": []
        },
        {
            "path": [
                "root",
                "user_brenetic"
            ],
            "outputs": {},
            "resources": {
                "data.github_user.user": {
                    "type": "github_user",
                    "depends_on": [],
                    "primary": {
                        "id": "3466862",
                        "attributes": {
                            "avatar_url": "https://avatars3.githubusercontent.com/u/3466862?v=4",
                            "bio": "",
                            "blog": "",
                            "company": "",
                            "email": "",
                            "followers": "4",
                            "following": "0",
                            "gpg_keys.#": "0",
                            "gravatar_id": "",
                            "id": "3466862",
                            "location": "",
                            "login": "brenetic",
                            "name": "brenetic",
                            "public_gists": "1",
                            "public_repos": "2",
                            "site_admin": "false",
                            "ssh_keys.#": "5",
                            "ssh_keys.0": "ssh-rsa AAAAB3NzaC1yc2EAAAADAQABAAACAQC5GqE9ZyPi5nWLGeXzqgLL+vUYiGwePulBhCaeiIMXmDX9JVG94r4o/WgUgkOLiON+j+F4m41GMnHsWSZ8+Fd4lJHHaIuX+DtK6COsIyezIF/4963wRZFaak9Z8J1XX82Su3wY7DtBuszYZEPon8uZj3/hGTmSd4Gm5x7fVZSCAiv4QTICCw3omrJw0zIeKCQCpmmRIkyHu1HOcz3WB4hJtPDgmZ5OgPtZ58R5pC6j0wzCoAnerNlXC/+t3Z321zOF9PNgxdqDjkElJsWioB9V3/MZfVxj3u1OrYWBblv92LBExHpbZUlrw9zxEDcugq/KQFG5eva9RjeRxZK99OAlApRBfYEL8/cEnxp04ZTTfPF2RrFlkgpZ+xMZIfm59uo/zK9sLB5slOwryhx3WeU6BDAJa+Av0cU8bj8j93RKyXsnhrBZIj3zttDfD5zogX9DCbJ4xi12b4PzpMuR0FaWOVc5qqcWWBCVXZmUoF6DYpErE+jIWs1TAJynr4/BktkQQAHLf/K0VrT6JthrWRGfegqqBvwLo7AeXdcNYwbp7H/blnroBVWNZIRdjaGtVncaFLY21Xvy0gPlEbW/w+c3UqhS1dopjzg/QLRy7uSxCRLJfZOGRvY0NVPwB4rxb6tz68ZSbmgfvWnDQSLKyWyZPb1t+XB1IA9L5vd9lbgKWQ==",
                            "ssh_keys.1": "ssh-rsa AAAAB3NzaC1yc2EAAAADAQABAAABAQDYL7yzwWH04qIDxdXkuIID4REubus9i9bYulu7gqpVA1ikHC8l6P9pjxpsF2Pno0k/wL3Lp+UA2IBtYPBCJsdH/v7kQaxsGwotocWUyDbDVXxj4ll/WYYg5Lmucz9NZ10gvWATps1/KRqYzA/HJQvxECwigKprpJAn4FHtuA1zhzWeYRf4v6Ynlrb7ZjmW0YBbb2jWEPAgIYRVBQJW5oBAkjURG2eyas3nAMbng4sJUbqBt5o1sbyhbbd0FOxK5w8yZeCNTuNRC4Wtl0QEHNSRAuZbqATp6Z2LFO5WFK4Tvqgv6IW+I10iwfuUuhV5tor3xisMbdlzo8Fo8l3ta9Pl",
                            "ssh_keys.2": "ssh-rsa AAAAB3NzaC1yc2EAAAADAQABAAABAQC6eOrrAb2t8q4AqvlGECYlEYoYdq6wIVsgZj2uDd30E2p1ij3ztbG9uHYF6ddbkCArUxXZPPFXAMgeH9W/kmITCRK5ySMVrAcxNeO2ZoyhPlkLlv2RRbBsOPhVvFZuLrWFZdpt9v2XgvrXzPI/50r5zoz1skwOHnFFm7wmek9rc6qIsItAvlELfu01CF78T6PrmKPHBi8xZDlgkEgbmB0vhfmKsuW/gQjrpHoeOhYugzelKnto5InOLUjYFxI3Dxq0f+qUq/NmdfFx0audr+ERGQ++iR3njxg4RZGeAzKkg6I+MkwSHPaC7qkoe+8QF/Tm8kgzh17p6EYyRvwrt/ml",
                            "ssh_keys.3": "ssh-rsa AAAAB3NzaC1yc2EAAAADAQABAAACAQDEQuPObgzQYpNZv72Zc6FvzxZrOdZOOp9bn/q53KG83VPCTiGpeNfkokJEZCYXmjISbpyZLDQan0BsiM3SdwoJhpSvPF+Pl1ChQm1O53G95NZ2ktIgwbAGQvKiUNDeLl8U6i4HsSTJCQMhQAhHBHzehy8v4yC0YFLHNEPhALbuYC+XGMkae0uX7XuhbHRDs0zLbJWf7KJbK68tnycCvOol2eF7cZkaw/bHAYqW3YJU+cwrCXiCVbx4OwEOvek2DfGg1fLeq1tf33lrnMgI71h2kT4yoCthHs+2zYizuUsYeqFS/5cSLwEOF1JkVQrh61RIoebk4L0ZqtxpyMwgD2XgkmCPu0Nodvy9wqWh01wUdDLSwpvlz4117zMlNEyR4OrTNe+b6gvcbKbYxFt7jKEMmMVcJ5FDthKRJXxT93T1l80QvO/Pqfg0vlGHqh3FnOy/caOWjClwRJiukmnWYtB/aM2cBH4r1oM6qrNNXVBEaFFJTc57salR7+BgSRC+RUM44WBcC44D2/lKfS+tT3ayb7V9/Fs+RfTsXD0xBML/0dw+HgEKC3SrnKfPrdm8kGgHaN4qg3whoe4uNuqygRf59jE3t50CT6v9v+xc1kKB/1CjZVE2MGDjwEM0U7TA66VznFBn8VWUsnfzk/D5LIlRUFMXy4+zNTElhXEEZEPENw==",
                            "ssh_keys.4": "ssh-rsa AAAAB3NzaC1yc2EAAAADAQABAAABAgC7dTF0WalKyHH3pWmt3zOhDyrWJ+RBAZedFrTuFzKlagtE6Dryk2BziTQfQNI+epv2PjKwZCXTiifVQ5N5YfE9a6z1mOBDbBszJpCfvHHN7iYes0f7nHUxEWfwGgdmib0g9aSP9xzl18OA1eAisxSzNRXMSJl4j5LJtRysxot/PHgKWe/YJ61+P8bpy5KfQPplngqXVu6TKoivCfias8Dop0gs8CTmojoBXFaZM2L20vrMO4ENhQJPKgCyjy+4z687vTo59PKsrG5pOFPy9CzPqEZLvlHo2G5ueIGCCoF+7E3a8qkf2xsDZ8Jcxm1hNJVNWztcVnbrjbEEJsIMy+sMZw==",
                            "username": "brenetic"
                        },
                        "meta": {},
                        "tainted": false
                    },
                    "deposed": [],
                    "provider": "provider.github"
                },
                "github_membership.org_membership": {
                    "type": "github_membership",
                    "depends_on": [],
                    "primary": {
                        "id": "alphagov:brenetic",
                        "attributes": {
                            "etag": "W/\"99141c337a17a4ad517ca2d752ecf532\"",
                            "id": "alphagov:brenetic",
                            "role": "member",
                            "username": "brenetic"
                        },
                        "meta": {},
                        "tainted": false
                    },
                    "deposed": [],
                    "provider": "provider.github"
                },
                "github_team_membership.team_membership": {
                    "type": "github_team_membership",
                    "depends_on": [],
                    "primary": {
                        "id": "2826122:brenetic",
                        "attributes": {
                            "etag": "W/\"51593cdf4b0566c5c04e8f788e3c477f\"",
                            "id": "2826122:brenetic",
                            "role": "member",
                            "team_id": "2826122",
                            "username": "brenetic"
                        },
                        "meta": {},
                        "tainted": false
                    },
                    "deposed": [],
                    "provider": "provider.github"
                }
            },
            "depends_on": []
        },
        {
            "path": [
                "root",
                "user_callumknights"
            ],
            "outputs": {},
            "resources": {
                "data.github_user.user": {
                    "type": "github_user",
                    "depends_on": [],
                    "primary": {
                        "id": "24547183",
                        "attributes": {
                            "avatar_url": "https://avatars1.githubusercontent.com/u/24547183?v=4",
                            "bio": "",
                            "blog": "",
                            "company": "",
                            "email": "",
                            "followers": "1",
                            "following": "2",
                            "gpg_keys.#": "0",
                            "gravatar_id": "",
                            "id": "24547183",
                            "location": "",
                            "login": "callumknights",
                            "name": "",
                            "public_gists": "0",
                            "public_repos": "9",
                            "site_admin": "false",
                            "ssh_keys.#": "1",
                            "ssh_keys.0": "ssh-rsa AAAAB3NzaC1yc2EAAAADAQABAAACAQC5aPNR4RbZB+AsryiZR16YBq1GSKAyeYmjnuIKdGSJZcvDdBmM6LBYFynf2vmwxWGD6U+qRly65H7frSPwuzTjg6TB9zO0Gb5OhC7wgXwRNOAOuFcA9EcV7vDTgeMNlNzirmbB19a4XgzpNZt+u1OjgVeEgx0hdF3v3/y/dqnsmdLZmA3/hVcZuO5yS/JBK6of/gVZ1RJMtE5pA3V/E3a/rmG3fKvvqSvjmTf3Z3uwb94QmKjuhVaZjElT0SCNtqZgBvtXvdQes1ru6K1Bfl/hS6TCO6oGJm6YnVRvp+ql1lf87DHqFYobgBypT8Q1u+mzU0oTuNiHnoAF/Z0Plbl9AMjfsx41sMlNRN+K0V9YMkOHU5XkLDtK2uNkmzbHguhmJm+F5sptXL1jYZg8jnGGHalNosvZjkBqY+YSDsGyyq6dhmLxGp9aDzQdf85d82jEoyss6tIKcw5hB0ClCunamZzmJ+de1gXMiogWEOZgsUmeBrpdItHejeF8tILi9DYsMMtSXxVCAfRFfaqQR3rvwYE62f/xsV7hxXr4aRDyuL4BUOAx3Lqu0OVVjb+YgyZgJgZNJZjI41qStTYP6Fb+T0jPVYfYm9/ftJuLnjct71INK+O5Gupk40aIwOTImfGSZdwcVKCMhDKruqESBE4ZWACj9Omom+wlvYcP4X75nQ==",
                            "username": "callumknights"
                        },
                        "meta": {},
                        "tainted": false
                    },
                    "deposed": [],
                    "provider": "provider.github"
                },
                "github_membership.org_membership": {
                    "type": "github_membership",
                    "depends_on": [],
                    "primary": {
                        "id": "alphagov:callumknights",
                        "attributes": {
                            "etag": "W/\"84f4ad9fa91d87a0f731874111146c0a\"",
                            "id": "alphagov:callumknights",
                            "role": "member",
                            "username": "callumknights"
                        },
                        "meta": {},
                        "tainted": false
                    },
                    "deposed": [],
                    "provider": "provider.github"
                },
                "github_team_membership.team_membership": {
                    "type": "github_team_membership",
                    "depends_on": [],
                    "primary": {
                        "id": "2826122:callumknights",
                        "attributes": {
                            "etag": "W/\"2b7c981319a277eefb5d105f3449acef\"",
                            "id": "2826122:callumknights",
                            "role": "member",
                            "team_id": "2826122",
                            "username": "callumknights"
                        },
                        "meta": {},
                        "tainted": false
                    },
                    "deposed": [],
                    "provider": "provider.github"
                }
            },
            "depends_on": []
        },
        {
            "path": [
                "root",
                "user_charlesic"
            ],
            "outputs": {},
            "resources": {
                "data.github_user.user": {
                    "type": "github_user",
                    "depends_on": [],
                    "primary": {
                        "id": "3608562",
                        "attributes": {
                            "avatar_url": "https://avatars2.githubusercontent.com/u/3608562?v=4",
                            "bio": "Traveller • Dancer • Entrepreneur • Hi-tech enthusiast • Sceptic • Software engineer • Born-again minimalist",
                            "blog": "",
                            "company": "Government Digital Service",
                            "email": "",
                            "followers": "8",
                            "following": "25",
                            "gpg_keys.#": "2",
                            "gpg_keys.0": "xsBNBFoz8zABCAC2zFZRq0GmBkw/mEtg9GPHlJ9hOSsp0VM2w2h3xKkSeCzGd/N2EAgDBRFvqxKLaCA8xN6265pTg1fSIKGZhP4UzrUiVY9Cfy2WBHHBK/zW0qOxqvXLDKNtXOA7G8ajzWIuFOYg53xubo3G7jeu4e18J5o9gUCTgxTYvFqllTJjO80+Kd1Ropecc/b9Y4LB9H0hRWGeWB7gwAKz62wn+7EQNLl+tRkT0QcgzHUMueP0hFOyc0hadKHEdrGwWtXtkaYYkBrs/lamWNgCR75GNXJfsXG1r6b80f2Zo8GRWPNylAZcxVElBw+8KKdZLccvQTMaJmIRv+7uwoxzMF78nTKVABEBAAE=",
                            "gpg_keys.1": "xsFNBFgZw4ABEACeXCI4UCDONn3XIIKAOSjwBO4nJcrf2hyuOo/ny9jUBr6EN7PJWtS1cP0LaHchzORfdl3Ue8sm9eRi8SiReyuF9PsJT11TDjBQpmoTI42w6QgLYs2lZWc4yfWfC6MA3LPMf/+NlLcH91EfsHYD0QfLWbNJ76SFvbTYkYD1MCM9bpiQD2pQGR2WXEXH/aomQM3lQVCwhjERMf3q91zjmSBqh8Zc6sZv5HAo5w3XFqTbX2xDdLR7ckDJSJe0+KzNDqjqG2OAqv4alS8zoHeqUC+2tDGuhsul77vCKpQ377nBI00X6NfC3GPwJQ8E9jnDuDbmFEYgX1SsufFLEbX9mDQMsrc5JIYxaZuzmAz7DK2CoVhizGD6g5VSXzr/QCpE8nlABwBG63ldfsJul0d0eAQkzXN4mU874qTFjUAbEksO8nCAzXD9MlVAke/TXAI7bA3sZTldjSpDRTQDAcvsPSZI3SxkZV08djTG16/cfQJaROQ9Xz+R5Fwy+b3PikkcYGVS49Ky7fXnLDXvluSm+3Oa49tBkffFyf0eRjvWfiQrgdarmubH16UaI2i5eHVMJDy26cZY5hcMLExodfN40c9GFAGCCyLDaA72vqNgk2wmo1E0yh9DDIsk1IFFDMEXDjWf56fzB1DOtyVWv1d6CGXALB0OvhEnVV+dSfF+29YqiQARAQAB",
                            "gravatar_id": "",
                            "id": "3608562",
                            "location": "London, UK",
                            "login": "CharlesIC",
                            "name": "Charles Karol Gancarz",
                            "public_gists": "1",
                            "public_repos": "24",
                            "site_admin": "false",
                            "ssh_keys.#": "3",
                            "ssh_keys.0": "ssh-rsa AAAAB3NzaC1yc2EAAAADAQABAAACAQDOQAAT3XfOTrFePHIhsrFyTJH+WiIDZwUz0SqK+0PkJ0QjqhgeNpg/BkXKBnOMQhdmoG60Gz8iE/khmzQqG2ioenInOwSHrSmKKdjvetwrO9SGMzmgeLY4fjnjc1zlKaxWIXIKwLr7CaV5PW+dKdgr07T+5Ycs8teHtmXQ79H5dSK1xnE/7EnM+tuP8rWmAd2A0PeEw53dmnD6/6EoAJGs7/exMDuwD/6Ug7k2Ds+rBvfiwRO1IpCIVCqlkLpI1kBo3FqqpQgs8rNObszWdTwjws3ZfpYz6HztocE/Oo6Z7Mk5P/nWErHGC8lubAwiEcRSXWn9CLZs3pFh+8BQDOrzXrQ9hQf+VqyTdJKM0jjGw5g93dr2/+8wiGEUHIg8F6q0QZDTgQk6eNy12YmWS/t6cI/nMXA+O4yNphi0QYJjSGBNcxsdxhdXZXLN0zzOXxQCSxhKoGSs0pbOwKFCqELBNUHPIHI4s7ONkFAgiS6/PVInwWVDrb6qg5c3+sp9Rtbfj+F9CA13U2dVsGuCSJNqvlbOHm+Tu4bGaTt//xufu9kLVMHEzDTPPpt9Am5ayRKFrn2je1nNfBNryU9dQKLzKd86Q381LgDukv3Cyy1pGV/CnQjVZk7hCipslGZUi1i73umv0nRwD6ITVmkMM7Wfg5vjKlAvEPts5RlRvlzctQ==",
                            "ssh_keys.1": "ssh-rsa AAAAB3NzaC1yc2EAAAADAQABAAACAQC7tgFowAqpxK2kOtVtSRm9pWsPN5bK0JgeMCPYupuZzxhPInbMtQRNYClWIR7z3JVOtnAvp3e/sZvBWv9ZiHMaxQKDAWqMd0lTIbQ1RV+coZuFew8rw5tNO2q0mGj+vWC4hKg5dXz4j4fu0RhQD0pUzT+ZYZNztpdbdJ34R/h77pzjc4SP7q/s70BcHnrZP3STRq1VZfTE+sC/8ijsoEepc+M+mHzTIja6AnggyAYtP/Jrg1emTpX+Mq47k20q1THivRXK8q4GZjf/2I9Rs20LJgeUtLQqAMrN6aClnhfZB0hwAzuFMrZ+rjI8Rh9WvajoSOtgH8CC48BhsRZyWphPRHhO/akvHvDtSRaWGF2KJR+ixGwyNTQCNkD0nF1lMIiA5C7gHldtysBuhVvEIiMWLyzrpAE8LizkCfW7k1iW15BzP4zGvxOl0YAD7GUkP6kyZtUaAPH6S2P6GMlVyesK3qtFYZYIJyL4KCjg4HMBdfyINT9/7WHQlgJfzVdkU2wsteUemQrdN0pUlFiOm2NGDSQ6nN/qZ7E0yeVhy4ALIuaJD4lgDefd1WJt2+Ty4uCnzYSmp1JRzBYceOn4Pdq2ruoqw2m6PiaJvFeZeEwrGFWqtoZ0KMR1HXCCY+ppkpkX29HOj738wxvNoO70Dob5V8Euni9pvQ0QOQNQvAle7Q==",
                            "ssh_keys.2": "ssh-rsa AAAAB3NzaC1yc2EAAAADAQABAAABAQC8FO0tsNCL5kH+24sg3XBTbDY/K0Dnm/bqhGNj6ze8O05VUTV8Q8W8ks29Nhyy7kTdv1C1hGhsbNOwJxi6CnSaWezL6o/uyjlvoY7tqkYc2xG9+Ktrzf3/dSqenjipQhiFYkyoOzuYrTdzFDF0v3WITlyJ+PO9oEW+nvFZuB3Vgv9WHbruC+60MiaJYEI+Mb0bdcyGeguTm2iBDk3KhOFqf/Qx8y370TD2ncsBU+xp7pwkoOuKZ36qH98oMfh6YA3d0E6sCwpJbHO/4jK5cJA9Y+kodLVf3CMxTRRTLFRNPcwvH+Xjke+HouDg/ZBefzTs3QLz7wBEoWNi66ufA8tL",
                            "username": "CharlesIC"
                        },
                        "meta": {},
                        "tainted": false
                    },
                    "deposed": [],
                    "provider": "provider.github"
                },
                "github_membership.org_membership": {
                    "type": "github_membership",
                    "depends_on": [],
                    "primary": {
                        "id": "alphagov:CharlesIC",
                        "attributes": {
                            "etag": "W/\"e58f27ff4d129c685965175e85bf0209\"",
                            "id": "alphagov:CharlesIC",
                            "role": "member",
                            "username": "CharlesIC"
                        },
                        "meta": {},
                        "tainted": false
                    },
                    "deposed": [],
                    "provider": "provider.github"
                },
                "github_team_membership.team_membership.0": {
                    "type": "github_team_membership",
                    "depends_on": [],
                    "primary": {
                        "id": "2826122:CharlesIC",
                        "attributes": {
                            "etag": "W/\"a1a00f6f833957c689a132dd76c78c0d\"",
                            "id": "2826122:CharlesIC",
                            "role": "member",
                            "team_id": "2826122",
                            "username": "CharlesIC"
                        },
                        "meta": {},
                        "tainted": false
                    },
                    "deposed": [],
                    "provider": "provider.github"
                },
                "github_team_membership.team_membership.1": {
                    "type": "github_team_membership",
                    "depends_on": [],
                    "primary": {
                        "id": "2826126:CharlesIC",
                        "attributes": {
                            "etag": "W/\"4d01404fb6f731c50076af0a38a1ec2b\"",
                            "id": "2826126:CharlesIC",
                            "role": "member",
                            "team_id": "2826126",
                            "username": "CharlesIC"
                        },
                        "meta": {},
                        "tainted": false
                    },
                    "deposed": [],
                    "provider": "provider.github"
                }
            },
            "depends_on": []
        },
        {
            "path": [
                "root",
                "user_chris_wynne"
            ],
            "outputs": {},
            "resources": {
                "data.github_user.user": {
                    "type": "github_user",
                    "depends_on": [],
                    "primary": {
                        "id": "13836290",
                        "attributes": {
                            "avatar_url": "https://avatars1.githubusercontent.com/u/13836290?v=4",
                            "bio": "",
                            "blog": "",
                            "company": "",
                            "email": "chris.wynndow@gmail.com",
                            "followers": "30",
                            "following": "51",
                            "gpg_keys.#": "1",
                            "gpg_keys.0": "xsFNBFi5a34BEADiphRzdUqzGbHXIK3cSBZIYmpkfvLaGIjd7FNkqYzzdc0h7LYtPcvShF+vRFOwWTWAMqqHDX6g28Sit9YM3akdaiEraohfl2q4nLf3W5MepPW9X+AOYwPYvz1u7JASi+kh9f0dhxgnD+9QvHlC2GoJth+4PCWF+irOrjhmWEcfaafPIGIk3zMSB54jg0OXWJZIs9Aq0ClNJ+aT2VW76f5KlXsPP4zKAyr623Wwf6X2Lucu523cnNPzxNhdVY7RoAbfw38hPyaD6sOEHRJReHWBgMhP5nSt1WEuHOP+aifdTizE7T4WNwwMJeSLekbAnSIVVaj/k3JKuMk5xPEnzKeci7gd/b3hVuMVJ3SWSFp5kuW0eH90rUF5Amvw6ckhXHgdm0srYAzqUuWYCSNI8tWfR304U5hed7LMSQFZMBC+QRVOtOhRNJwvkZ7i+Gf+1Kh2HWKCnUex6ig2BXrFpfCxb3Zy8Q910VggL5kdRDTwye5SJ88XIc+3qaGTJa1OKeISjYk89BjDwlVoWhBYvYt9vMEBIjyiyHdK+iBLcQ0WKCkSbwpl6qqWYpJvZtCkUvpTyuXXTyygdFP7yqIcY2SA42dknySd5e/DoXk0yrnlEkDyxDW5jWtnczo/UQYwzjIACeanmzqAPFz49bWLwExi4sCYdVO8xo3XRAY+tCoS5QARAQAB",
                            "gravatar_id": "",
                            "id": "13836290",
                            "location": "",
                            "login": "Wynndow",
                            "name": "Chris Wynne",
                            "public_gists": "0",
                            "public_repos": "51",
                            "site_admin": "false",
                            "ssh_keys.#": "2",
                            "ssh_keys.0": "ssh-rsa AAAAB3NzaC1yc2EAAAADAQABAAACAQC0R/FNIhMo7NLInnxOD7+2Ig74+8rND6f4tzFQELhFXTLxnJ8DTgeSJw5VV/w2URiiE4uFmbOyje4UxplN11TEJ4eBwOTkgVNifidkAwgX+Kdwuz08DvpmznXqgFIYZjxqxk2nJKzzt2B543ELZjpza3VSxIynDjVVaLGD8QYfC78oG9A8PkqctXTg4p5BfmHUZAhgdJ5nasBITvQ7q0KOo5p8DDWw5sFEfi7qpRAoOw3SsAZNmZ5qQRfa/D48UB2bGgjqAjLREEWyHYhS2VH+TUjT/ik7q6M+w4Q77PX+l8bwzREKC+KO4CkFMxKRYD78l4vYlHwGpiLkvc2TvAZZF+WKKJmANgwHa/AwSKwI9EM7JNt/g3fx5plHGcoQzLpS66WKkK4pHMeP1i2wWyyvMtJAWOy2FAZXemeotjbAC2XU2dfciinfAHxc/CcUQBObEPj8FhVWUZ3w7QDp/C1dp8WkRQgt2l3vqRZGQ+39GlGtf+XRo4xUsDTzZvWQROM11/JQXi7eBjR4bxWPt0e2HXogUA+i1se6F8RX7i52T+NnmCFOgA7ZjLjp/Xebg42dEyoihbphRV98R5gIqUxIgIrrDl8rqny3uoPqj1OHLBFeQ3MhnMcXVjP4XFrcuiyLKsuSDqeolIgXPmEpK6z05qwQcyvTqTZJOOU4x3AHJQ==",
                            "ssh_keys.1": "ssh-ed25519 AAAAC3NzaC1lZDI1NTE5AAAAIE9T91QWFwsIsEuPX14lwMoTZ2VdeQXaGKmOGdgle4yc",
                            "username": "Wynndow"
                        },
                        "meta": {},
                        "tainted": false
                    },
                    "deposed": [],
                    "provider": "provider.github"
                },
                "github_membership.org_membership": {
                    "type": "github_membership",
                    "depends_on": [],
                    "primary": {
                        "id": "alphagov:Wynndow",
                        "attributes": {
                            "etag": "W/\"fd4b5d06efb0d3006eec2328a11705cb\"",
                            "id": "alphagov:Wynndow",
                            "role": "member",
                            "username": "Wynndow"
                        },
                        "meta": {},
                        "tainted": false
                    },
                    "deposed": [],
                    "provider": "provider.github"
                },
                "github_team_membership.team_membership.0": {
                    "type": "github_team_membership",
                    "depends_on": [],
                    "primary": {
                        "id": "2826122:Wynndow",
                        "attributes": {
                            "etag": "W/\"47a934bebcab5f97db0059bb3ec577b1\"",
                            "id": "2826122:Wynndow",
                            "role": "member",
                            "team_id": "2826122",
                            "username": "Wynndow"
                        },
                        "meta": {},
                        "tainted": false
                    },
                    "deposed": [],
                    "provider": "provider.github"
                },
                "github_team_membership.team_membership.1": {
                    "type": "github_team_membership",
                    "depends_on": [],
                    "primary": {
                        "id": "2826126:Wynndow",
                        "attributes": {
                            "etag": "W/\"db19e883a069515ca5bd375fcf0f6762\"",
                            "id": "2826126:Wynndow",
                            "role": "member",
                            "team_id": "2826126",
                            "username": "Wynndow"
                        },
                        "meta": {},
                        "tainted": false
                    },
                    "deposed": [],
                    "provider": "provider.github"
                }
            },
            "depends_on": []
        },
        {
            "path": [
                "root",
                "user_chrisclayson"
            ],
            "outputs": {},
            "resources": {
                "data.github_user.user": {
                    "type": "github_user",
                    "depends_on": [],
                    "primary": {
                        "id": "8633930",
                        "attributes": {
                            "avatar_url": "https://avatars2.githubusercontent.com/u/8633930?v=4",
                            "bio": "",
                            "blog": "",
                            "company": "",
                            "email": "",
                            "followers": "0",
                            "following": "0",
                            "gpg_keys.#": "1",
                            "gpg_keys.0": "xsFNBFlw/BEBEADGlhnu6knL1sXMUbR3uI8vLCdzVDo4csT0gExgbztZrii8d22wfh8SiplB+7swh0exSowT7KmViAAei/hmrsaVChCMoAWwxLIOBo6Q5kYC0jt1kv573OVyAGw3hDXd/qAr8lr/Ho1GvrwSkVWlRHZK3u+9tx3T0/RjXb9y+GLlKu6O4RmT89EBucJaoN/18Zpset9hbQOsm6ZdxidJOr5R7B8LFAzDwNiUZbzj9Me5W3z6F+KUTQh4Rtf5c8bXpDt5Z/APXW57HuHKaf6iY6l/kYyXLGTAk7K0BbKeUbJOhMRC8j52RZSv2hJ3NxAqpf2/q76ZMl8uFH7P9LGp8gk8ZvvooE0u9INW1jV8tG+Ue12GWYVYvSm3tAP9Ykd1OJiee4ut5GjBjDkhh2BqGX0RXuKwycC4rjK2RjxAp5GBUJReHBO3tQ1fHpNYvI0/uxJ4C0I2MF7PZPhCn345Md0ZjO/PS4qplWfQ4htErxkq212fjKVkfxG7R+f+idLPblzbQ+awUvN8mxujCT51fy4xwhnkNRfuAmBfDO395K9KoTDNO7utlqowpVhfpxEUP7HfcfseWPf64qdYijzI1DeNi7QMxUk0mQYgsr8vqevTOFcEPDiV5wFpqDf8SHQCh7kRP2J95Ua2OLeqwcAqO8YmWXfvRjW5XUSci07vprojeQARAQAB",
                            "gravatar_id": "",
                            "id": "8633930",
                            "location": "",
                            "login": "chrisclayson",
                            "name": "",
                            "public_gists": "0",
                            "public_repos": "4",
                            "site_admin": "false",
                            "ssh_keys.#": "4",
                            "ssh_keys.0": "ssh-rsa AAAAB3NzaC1yc2EAAAADAQABAAACAQDJx/NarlUlUSVemgyfK9XC2eaWYRKq9ywfJ3k0mEZ35pXis7tKFb/ERzwMKiXl46VSo7DaFhoCeZZPiIqHa3H2Wmxctug/I+ltb7g5jG7o5Pg941J6vVSO4j0TrebWrBhvnk2jDB/LvVllL9wGHevt5ZJIsI7r3LiJuzOmRZYQjpCPAEdImy0+Wm1uDASHJgi8UadfA6nYtWPRXS9bzqovr6ue287sn0AUlOCV0K+pliliTTsJIEhYsoWKv16qjjg1RIpqfVQllawhW5SGWHOfgXHod1PAXHIqSQff4KivEaEDXvARBgtz3MsRK44Bhs5EmemGZ0svX5wyI5Q9HgK7E23AyG9CYowlV96bMPEV670V9bUQ5WQ3p0rc2SRJbzhwXkLobJIVcRqwKqiwLvrEtjz6jb4ANDDIT77EECWTglr789nVg8dn21QzoSwebyIrBwVv2P+v6x25FBM3rujcNYJ7xt4k2NVevh/Gj0kDZMEoSzv9xLT/s1J+w/igdSvAq+UDM23IYr39K1/vzZS/wO6OOKTYLFqA6/uWlBNZK3SyMxgDdDbnm+4FoMkf9eKkW9+jfH1N8AVU8RlVfKdTtERg7ROzvV3PHPfQCXUZxShjTVyHob2vTYpK28ksTty4R58w8MUfRzzhEGZi3K9hA588/8irb3ZUI2qyS9GhqQ==",
                            "ssh_keys.1": "ssh-rsa AAAAB3NzaC1yc2EAAAABIwAAAgEApHaUnNgOrYXNOZL7sZisJtoTRWgaiT5fcXzreP3gHE33Ch91Bglk4/tWId/joY7h6EdbQTWo4dwXL1PuDVd4+zL364eS5cD3xj3SitnUZXPeZGprh7XAnWKyKgArSXalge1BM6EQZxA+lYJJ22CVN9nMEyJOaD7aS6hqmuDBdFRNLih5ga/hR0XkoVaJ10DCG5Ngt5+8dKymVCcl6aU8eGZMjxO4iN1SAaFkEi174iyiRImF2hT37vX+vo0zkdTQpJA1bbFYWEfnABrW6FQKZ97TpeDdQnQa6lwOQg6TYedD6ZxAC3/3QkG41Bkq4287BAEoGtzbEpeC0ykCIwAzNlFu6GoowwH3aTLc892vEyC7cq+q8yc6AYzsMBZDBC8iEKfkgqRjNILPW7OX9bCJkYYmkiF6gFKq2aYucy0MpxHeVPqcg59YNY7uAMRKmjkVwD3AUSi8p/+Oa9JwMqVBY+tVb1I59ivykal+Rf/WnFjSu2hIGOd4E7NtjRbnDDCdd/O+vw9jfknp7KNMAOC0pF5Oc5exOebJKtQkRYqV4r0GkcKeeB5obEG4kIjAMig6lkbAgWSNzW+AmTSBwf1E1k6yi+AsJG3fHthhNLkAcfTmEJU73H1wFqJMNhirDPL8EkL8nzKrW3LkYuCpdUSF5yJzWy5rZEsWJ4mhtYju7ak=",
                            "ssh_keys.2": "ssh-rsa AAAAB3NzaC1yc2EAAAADAQABAAABAQChDEAYeY4uzTJGDM0xeoGtgMEabzbmz/39qkRXwUT8PpSbBeBLT89Oy7lzMVtQZDFN5mHRodUYj2N2o4hhC+v7ee4Xutvq2fTEOIwO/P+WWErPH3zFst0vaN/NO9xlbSDzZlAyzLzC6HRrIg+N7OmSo6GzKMT53vltEPYsv7BWorbrlUtf+xEgzCTjy1EX+dm2Rl5sraDIdJU8mDbmGDPw+ohcokpIlOHV+t3Vv9LuLASn5+YMsApvLNLFnXJtc9Q6LMMqWM96cl0XUzzanIQIYMAS1OrxmM0ul+WcYbcK8V8mkw6HU5uBpL+6NsAoJJiTXIdWujM1e0Y9OrkH8xMn",
                            "ssh_keys.3": "ssh-rsa AAAAB3NzaC1yc2EAAAADAQABAAABAQCvkNM55OncoZCTU8mu4+sNMIvhfVW3Uw/a6f23QlTB2cLbgr4/FSbY7dqfdjag3k+adoSY/N1wwQDwRPC3vqAwcoN4NWUsiRcBEhxqsYdDMdZjrR4xgWd8oBqJhirQEo/FKu5xBrRgnNdNMV6IVyXMcEahS5mDjwcCE8QbMqwyq7H5CiWGPX1cI7Kqbobvm/5/l00DxZsSUiubBaJNHH84SdVgLlvV3kOXUy8UjKnQizE30PFpzY5mbj+t8mUC0PMR3RMQOVtp/77TRv6Ly6+B8uiqfAopk8Q9cDcWGZhBIWFa0AwwIyUJiHMKQaj+d0wgcqi18sDslRVWWuVHIPh5",
                            "username": "chrisclayson"
                        },
                        "meta": {},
                        "tainted": false
                    },
                    "deposed": [],
                    "provider": "provider.github"
                },
                "github_membership.org_membership": {
                    "type": "github_membership",
                    "depends_on": [],
                    "primary": {
                        "id": "alphagov:chrisclayson",
                        "attributes": {
                            "etag": "W/\"20a45d678eb3a2dd5a9f704cbd5d347f\"",
                            "id": "alphagov:chrisclayson",
                            "role": "member",
                            "username": "chrisclayson"
                        },
                        "meta": {},
                        "tainted": false
                    },
                    "deposed": [],
                    "provider": "provider.github"
                },
                "github_team_membership.team_membership": {
                    "type": "github_team_membership",
                    "depends_on": [],
                    "primary": {
                        "id": "2826122:chrisclayson",
                        "attributes": {
                            "etag": "W/\"bb86676dcae417257cca7d7952625983\"",
                            "id": "2826122:chrisclayson",
                            "role": "member",
                            "team_id": "2826122",
                            "username": "chrisclayson"
                        },
                        "meta": {},
                        "tainted": false
                    },
                    "deposed": [],
                    "provider": "provider.github"
                }
            },
            "depends_on": []
        },
        {
            "path": [
                "root",
                "user_chrisholmes"
            ],
            "outputs": {},
            "resources": {
                "data.github_user.user": {
                    "type": "github_user",
                    "depends_on": [],
                    "primary": {
                        "id": "799295",
                        "attributes": {
                            "avatar_url": "https://avatars3.githubusercontent.com/u/799295?v=4",
                            "bio": "",
                            "blog": "",
                            "company": "Government Digital Service",
                            "email": "",
                            "followers": "5",
                            "following": "1",
                            "gpg_keys.#": "0",
                            "gravatar_id": "",
                            "id": "799295",
                            "location": "United Kingdom",
                            "login": "chrisholmes",
                            "name": "Christopher Holmes",
                            "public_gists": "1",
                            "public_repos": "18",
                            "site_admin": "false",
                            "ssh_keys.#": "1",
                            "ssh_keys.0": "ssh-rsa AAAAB3NzaC1yc2EAAAADAQABAAACAQDw9G2qKEgpGQ8jDjsgAhjWz4eSH1lPn5A0VmeaKzPemQYYuBUu9TD9Dj6IULVn9fLSWMKrfTiV0yTcTCdUEHg/Gm5qol0h6Fd0IFAzfQd36RKtqB55IDfpNoywuNtnUgKezw+cAfbWHi3r1M1tMquh8QasuQbmI59E6RhciVlHDn2IqHzKXU+8LRsO8iJf3Bc0HxxTN1EZ5FGuV9DJMqPSeIQi6TfU12Goejf1mo0KB5NOAoJfsshtcduKSkmtFhcoMVKQIgXAo7UfIFjY+z5M8F68IJIEkHnrDvIE6JHht8hriUosYPh4dbLNCVgdv+VYWDjDqpDXbtJNXLgeOEn90Rf/O7oCEQCQ0ozTAGn+/VDphcT/Z+ksSRTOr9j+Wi5DPiX80SkTNz6Ua9efNlhtUWjcN6jeukFM/qzHRVHw0TDA4VG862kFNXr3UM+QKCbXFFIYt32yNhrF+BZxpcJM+4Sxlaa6rb0JLQV4+YE50naGgmL9UiQc60bhd7RcOjHZfUv5cwws7t3xh8A9PhPN014gA8YvptYo4FWizA0N8KbZlK4RlB3FcxGPnqa9LDOPktY83ek5rqCeF9/eWs8XSJ95SyxJfg49rVEnRA3ON4gprmAVOKExtNCrXC/uyUqnu17vT016tN+QCypEPZYRtpxgPJMvA74OXTwBUAomXQ==",
                            "username": "chrisholmes"
                        },
                        "meta": {},
                        "tainted": false
                    },
                    "deposed": [],
                    "provider": "provider.github"
                },
                "github_membership.org_membership": {
                    "type": "github_membership",
                    "depends_on": [],
                    "primary": {
                        "id": "alphagov:chrisholmes",
                        "attributes": {
                            "etag": "W/\"b28e715a6d5e513e17f7ab281142f57f\"",
                            "id": "alphagov:chrisholmes",
                            "role": "admin",
                            "username": "chrisholmes"
                        },
                        "meta": {},
                        "tainted": false
                    },
                    "deposed": [],
                    "provider": "provider.github"
                },
                "github_team_membership.team_membership.0": {
                    "type": "github_team_membership",
                    "depends_on": [],
                    "primary": {
                        "id": "2826122:chrisholmes",
                        "attributes": {
                            "etag": "W/\"e8ceb3f08a90273f5c8294f7c6ae9137\"",
                            "id": "2826122:chrisholmes",
                            "role": "maintainer",
                            "team_id": "2826122",
                            "username": "chrisholmes"
                        },
                        "meta": {},
                        "tainted": false
                    },
                    "deposed": [],
                    "provider": "provider.github"
                },
                "github_team_membership.team_membership.1": {
                    "type": "github_team_membership",
                    "depends_on": [],
                    "primary": {
                        "id": "2826126:chrisholmes",
                        "attributes": {
                            "etag": "W/\"02714724294033640e7ab5570aa5c047\"",
                            "id": "2826126:chrisholmes",
                            "role": "maintainer",
                            "team_id": "2826126",
                            "username": "chrisholmes"
                        },
                        "meta": {},
                        "tainted": false
                    },
                    "deposed": [],
                    "provider": "provider.github"
                },
                "github_team_membership.team_membership.2": {
                    "type": "github_team_membership",
                    "depends_on": [],
                    "primary": {
                        "id": "2826127:chrisholmes",
                        "attributes": {
                            "etag": "W/\"07deaa7507bee34b19ad2a13d85cfe28\"",
                            "id": "2826127:chrisholmes",
                            "role": "maintainer",
                            "team_id": "2826127",
                            "username": "chrisholmes"
                        },
                        "meta": {},
                        "tainted": false
                    },
                    "deposed": [],
                    "provider": "provider.github"
                }
            },
            "depends_on": []
        },
        {
            "path": [
                "root",
                "user_dbes_gds"
            ],
            "outputs": {},
            "resources": {
                "data.github_user.user": {
                    "type": "github_user",
                    "depends_on": [],
                    "primary": {
                        "id": "38218115",
                        "attributes": {
                            "avatar_url": "https://avatars3.githubusercontent.com/u/38218115?v=4",
                            "bio": "",
                            "blog": "",
                            "company": "",
                            "email": "",
                            "followers": "0",
                            "following": "0",
                            "gpg_keys.#": "0",
                            "gravatar_id": "",
                            "id": "38218115",
                            "location": "",
                            "login": "dbes-gds",
                            "name": "",
                            "public_gists": "0",
                            "public_repos": "0",
                            "site_admin": "false",
                            "ssh_keys.#": "2",
                            "ssh_keys.0": "ssh-rsa AAAAB3NzaC1yc2EAAAADAQABAAABAQCXvO4H+ZYJ9ssfXes4CXIQTiNJpUHC7xkUsJhhc86+ri9ubocShb+ADvrCNStJ86yqWIFEMEdJw+GK0JVtFOEm6d0CqAvB5Nd/dmQDi0ZmxexEm0ey8YusiEmQeSRk6i42HKVhQJwKwUpZ35QaC9oTdDxH6psphJCQKz4TEa147LslB+sp9N08uNRHI69OPLMpdAg+oyjrada5FiUaiQYI0mXwXduLKM6KFF3FBlu5hKFYOHSkcTYPL3H1/DS/5eQ/HSt3X/NugUUnPx+mLusO66J6bDhssudnJGVGPiXNN6xMDVBU4tnXkBJLeulyGXj5FQASDh3yul2HRunejaGT",
                            "ssh_keys.1": "ssh-rsa AAAAB3NzaC1yc2EAAAADAQABAAABAQC1WrheCGMefhRY0dlye55MI8p361QtWccoKZI7hPXG/Q0aYnM2N0g2Gp24hQJWZ9qYh9W+8GoA7ulNNRSnHhgwTZBneBbGEgx8VgZDGZNWv6x4INWj6uNFPhkd3eccx4vzl0XgFXICt13h1GLvHeF4ICL2flGnKpS6WmGi4DE72T2i4U+fTlUqbi4F4FcT/XXtvEfiK5n8bPZJaSl8hTDAr/ZOhV3qeE0922hhd0LQpbzIaaGXxocbbwG4I2RKTV8Vk9Fo0bWmGxsfhiXrdPhoCh8S0gLipzRtGN43OBc2PTtOrV982yXjn87gwQm8/vPbahwQgN9uYUf8HGZM9r5d",
                            "username": "dbes-gds"
                        },
                        "meta": {},
                        "tainted": false
                    },
                    "deposed": [],
                    "provider": "provider.github"
                },
                "github_membership.org_membership": {
                    "type": "github_membership",
                    "depends_on": [],
                    "primary": {
                        "id": "alphagov:dbes-gds",
                        "attributes": {
                            "etag": "W/\"31874cfade485f7cc832f071289d1f8f\"",
                            "id": "alphagov:dbes-gds",
                            "role": "member",
                            "username": "dbes-gds"
                        },
                        "meta": {},
                        "tainted": false
                    },
                    "deposed": [],
                    "provider": "provider.github"
                },
                "github_team_membership.team_membership.0": {
                    "type": "github_team_membership",
                    "depends_on": [],
                    "primary": {
                        "id": "2826122:dbes-gds",
                        "attributes": {
                            "etag": "W/\"6c50618b4c99a63246f66752978fbfb2\"",
                            "id": "2826122:dbes-gds",
                            "role": "member",
                            "team_id": "2826122",
                            "username": "dbes-gds"
                        },
                        "meta": {},
                        "tainted": false
                    },
                    "deposed": [],
                    "provider": "provider.github"
                },
                "github_team_membership.team_membership.1": {
                    "type": "github_team_membership",
                    "depends_on": [],
                    "primary": {
                        "id": "2826126:dbes-gds",
                        "attributes": {
                            "etag": "W/\"77e18d4197a5213816cd924e81238abe\"",
                            "id": "2826126:dbes-gds",
                            "role": "member",
                            "team_id": "2826126",
                            "username": "dbes-gds"
                        },
                        "meta": {},
                        "tainted": false
                    },
                    "deposed": [],
                    "provider": "provider.github"
                }
            },
            "depends_on": []
        },
        {
            "path": [
                "root",
                "user_ejrowley"
            ],
            "outputs": {},
            "resources": {
                "data.github_user.user": {
                    "type": "github_user",
                    "depends_on": [],
                    "primary": {
                        "id": "670851",
                        "attributes": {
                            "avatar_url": "https://avatars1.githubusercontent.com/u/670851?v=4",
                            "bio": "",
                            "blog": "",
                            "company": "",
                            "email": "",
                            "followers": "9",
                            "following": "1",
                            "gpg_keys.#": "0",
                            "gravatar_id": "",
                            "id": "670851",
                            "location": "",
                            "login": "ejrowley",
                            "name": "Ed Rowley",
                            "public_gists": "7",
                            "public_repos": "13",
                            "site_admin": "false",
                            "ssh_keys.#": "2",
                            "ssh_keys.0": "ssh-rsa AAAAB3NzaC1yc2EAAAADAQABAAACAQCcNeuC11Mb+Z7Zqz3FKegejx/tkoGSFoZM4+t2eD5xBd4qEvqReasHxta0c3rSf0bgNAWtK9iMjpBYEQjkDK6L5a5yKpID7NVBsvaqwB8CLlaN+CV+jQp8jb+ZSWG0A63EW+epfDfJ1MaazRZ2NaupAHs+RY34KXBY4fHHjEQOuK+nCTw6ocREbglF4aaVI+5inmpRSExJfgq/9SOcIptAGHO+6ayZA/YXXZRlTKYjQonO58oTlZY14fJOAQZKOYPuuCWUvBoj5aKr3c9NcjOJJlz+/BV/rmj50Vb9DvveoeOinnvRBg9nNqCBdndWLwhzfp7W0O780Lp1B3Lb+YY/iuq5W8s/WPY2lYFeech5UqBeka9LncZUEbPdqwxGDI+/d10f2bsg53n0V565KnNpgIJ7Gl9/B5M0JF+32TGCfuWi1jjkebCPhurMYn7A2bzStxDgI1UIMR1HDXSUSLUBq3HGtcv9YFK575Fov1aucJaxdZCz4IQSQzFeqkKiP0uUrE9Omtwn5+lcw6YGbII4P1E5nU65lhGN7L+0DRjI9f7J6en+lpbum1xQJ8ePZwdatAfyOWJ3PS4F224+TxXkAAQlfxbkUNq7oK+qp31B7r4sOEH1sb66LlLcjrRCUMI6zMz/HQ+wxQhxDn5kJQ2y3t7CYXkt+jxb4epj+fVZ6Q==",
                            "ssh_keys.1": "ssh-rsa AAAAB3NzaC1yc2EAAAADAQABAAACAQC9Fc+wCIfXuAoKSCAhdznlOTNYOofiHwdRtPD5uRv9vU+RbtOioQwFmLcT0K7lZE6jK2DdJ14WpHHqh5dv1oSZ1i053f9Co+y+skGPABRRL1AioNy49YFO3teamtxs0w24gWzXJ9am+ITaFEyq8ZoNdR70xE//u0SIlrm/ULtY38ySDYJd+pXD+SieTqf8bqL8pvN1k2M+gBt2YNMazekBi3X0N0DoGisr4RlguyRcQq0L4B0D0quZTADs2Hp8Yk5Iwi0uyJkOx9jYmg65MEnggW4N/y4cer+v5WTzhG+w98ZQjMww2kzG0B26c0apXPpVG/88FU/uPUVWvBAWsBcIc6L/SZSCgtuses7fiF1i5XighOtN69V40zCAnnDK8ms5ckApGHEubfPTUmXyjtTtjdYjyLiwXkVwmBjvCrqX7VypPyJN1rPpe08avdgfdTvxifs3n72ln7Cm2FfMdhCjqbjjQIaeEkB+JebLvblaLpFRHR0t/xpLqT18YlQcwcYiikaiwathEwMiXObktshiRWQulOk2hdSXepYU02O7U1NOJo6VyQzWSwOojN1YTY3lfD50FMhjCs8sxNsdf805ShieS6l1s1Qr9LdaYBrQN6ywP/9AL6qn3LvBunNcZcgKV3Q6ilxWZS398KDagfKeU33iGpkD6qhYtSSOVKcV4w==",
                            "username": "ejrowley"
                        },
                        "meta": {},
                        "tainted": false
                    },
                    "deposed": [],
                    "provider": "provider.github"
                },
                "github_membership.org_membership": {
                    "type": "github_membership",
                    "depends_on": [],
                    "primary": {
                        "id": "alphagov:ejrowley",
                        "attributes": {
                            "etag": "W/\"e55a08065b16a455a936910eb70fdd78\"",
                            "id": "alphagov:ejrowley",
                            "role": "member",
                            "username": "ejrowley"
                        },
                        "meta": {},
                        "tainted": false
                    },
                    "deposed": [],
                    "provider": "provider.github"
                },
                "github_team_membership.team_membership": {
                    "type": "github_team_membership",
                    "depends_on": [],
                    "primary": {
                        "id": "2826127:ejrowley",
                        "attributes": {
                            "etag": "W/\"aadf994153163204038a936fd11a472a\"",
                            "id": "2826127:ejrowley",
                            "role": "member",
                            "team_id": "2826127",
                            "username": "ejrowley"
                        },
                        "meta": {},
                        "tainted": false
                    },
                    "deposed": [],
                    "provider": "provider.github"
                }
            },
            "depends_on": []
        },
        {
            "path": [
                "root",
                "user_galund"
            ],
            "outputs": {},
            "resources": {
                "data.github_user.user": {
                    "type": "github_user",
                    "depends_on": [],
                    "primary": {
                        "id": "190828",
                        "attributes": {
                            "avatar_url": "https://avatars3.githubusercontent.com/u/190828?v=4",
                            "bio": "",
                            "blog": "http://www.georgelund.me.uk/",
                            "company": "",
                            "email": "github@georgelund.me.uk",
                            "followers": "2",
                            "following": "1",
                            "gpg_keys.#": "0",
                            "gravatar_id": "",
                            "id": "190828",
                            "location": "",
                            "login": "galund",
                            "name": "George Lund",
                            "public_gists": "1",
                            "public_repos": "8",
                            "site_admin": "false",
                            "ssh_keys.#": "3",
                            "ssh_keys.0": "ssh-ed25519 AAAAC3NzaC1lZDI1NTE5AAAAIBVkVtAQOSj3uO2LixVkKYNV5UcoONF6a1+S5e16o4yL",
                            "ssh_keys.1": "ssh-rsa AAAAB3NzaC1yc2EAAAADAQABAAABAQCcf7L2SVaSsKqBprKFrdrG4TZDrHru1LYn6mx7xLbjbl1AL/lltrP8JTySVNOlem2C6Xqq184op57i3eYAjD4FAx4TmuzN7rOXMJovURmba9StE1WnwrAeT3fCoEz55azi+HL2VenseotAu+K3VlIi2rF/wCS4kY4QYBdMK4NbgdvuGEg/w8QiH6ViZbRV7fR97o/6Axx4jz09HorC9CE2seZs+i0bLNfUQe5m5rKpN2dSsnA62PERhDRKNzr4282JnhptlQsdvw0116AXkZFd7adf1ZMs9lIOVIUSyHC+RetHLu1CZ4MHrdS23qWOQlIXO+8gL3WLVz2ujPftcJVp",
                            "ssh_keys.2": "ssh-ed25519 AAAAC3NzaC1lZDI1NTE5AAAAIHIzjIMOIkAOUIJ1wnFnVCogzCHTUivQEUE/4m3tfnqE",
                            "username": "galund"
                        },
                        "meta": {},
                        "tainted": false
                    },
                    "deposed": [],
                    "provider": "provider.github"
                },
                "github_membership.org_membership": {
                    "type": "github_membership",
                    "depends_on": [],
                    "primary": {
                        "id": "alphagov:galund",
                        "attributes": {
                            "etag": "W/\"9f21d7e65da4df413faa2e9ac6dae188\"",
                            "id": "alphagov:galund",
                            "role": "member",
                            "username": "galund"
                        },
                        "meta": {},
                        "tainted": false
                    },
                    "deposed": [],
                    "provider": "provider.github"
                },
                "github_team_membership.team_membership": {
                    "type": "github_team_membership",
                    "depends_on": [],
                    "primary": {
                        "id": "2826122:galund",
                        "attributes": {
                            "etag": "W/\"a428f3dd580e89ffbf1be37f62f0807f\"",
                            "id": "2826122:galund",
                            "role": "member",
                            "team_id": "2826122",
                            "username": "galund"
                        },
                        "meta": {},
                        "tainted": false
                    },
                    "deposed": [],
                    "provider": "provider.github"
                }
            },
            "depends_on": []
        },
        {
            "path": [
                "root",
                "user_ida_build_bot"
            ],
            "outputs": {},
            "resources": {
                "data.github_user.user": {
                    "type": "github_user",
                    "depends_on": [],
                    "primary": {
                        "id": "8503068",
                        "attributes": {
                            "avatar_url": "https://avatars1.githubusercontent.com/u/8503068?v=4",
                            "bio": "",
                            "blog": "",
                            "company": "",
                            "email": "",
                            "followers": "0",
                            "following": "0",
                            "gpg_keys.#": "0",
                            "gravatar_id": "",
                            "id": "8503068",
                            "location": "",
                            "login": "ida-build-bot",
                            "name": "",
                            "public_gists": "0",
                            "public_repos": "0",
                            "site_admin": "false",
                            "ssh_keys.#": "2",
                            "ssh_keys.0": "ssh-rsa AAAAB3NzaC1yc2EAAAADAQABAAABAQDBK7kdgYtU6NxeWY4rwD8fSESqZHKTahXfwgOheBjMH0UF8k9euPONDwY/q2WPjdXg2q96fW0sd3h1OKZuzVXwa/gBFolJM1P3rC8DG6TxWBTJea6lnsRcEuuvbv1dzS1yjU2NI7WX3wP+Ak6VbbqH+a+kyjscFr26NOdiQnz1CDPplEsiq/ckKJyfgNqS9325+cWbfbPsZGJu9DASIxdMXzdBaiOcFfM9JKf0xNqNt2sQIdZOCxyvvAAZMTqjQ2CheaSAXhXjyQZT32Lwqwq2a9JClEtM5cytHyjEAXjjq0QXVHWXMaQp+rhse+9i+rXyA3o/v3Zmz/zYbN6iTqE1",
                            "ssh_keys.1": "ssh-rsa AAAAB3NzaC1yc2EAAAADAQABAAABAQDlImOctBmPBmYGIbUaSjvEmynWfUYJm0JqFM5YK0THj6AOCJ/I1wAOfi1/vb6nKNbF0o0uvUCSXQew9PSB8OLjjPdpEpVagAGXMCvXXdacVgGJJq9wMSvUbaJOSz9ucpaRUNW43XwSwby8CJTW3A+gqIDSWl+V9MqCFL/qWJmT/l/Xy7VLlpJf2Od8OQXYiKw+Dld82jqt0eW3oWaCPfK0nVenS2WVS291l/loBc5xHY1r8ygpLz8V6ZRPLfMHc9oQ8gWLEdmkP+sOiQXotEOk/2dVixqdmQq3guK6Ab4rFECkRwSPY+XnXU5X0EVNXO0yzsxHvVMXfbE8bv9fvqk5",
                            "username": "ida-build-bot"
                        },
                        "meta": {},
                        "tainted": false
                    },
                    "deposed": [],
                    "provider": "provider.github"
                },
                "github_membership.org_membership": {
                    "type": "github_membership",
                    "depends_on": [],
                    "primary": {
                        "id": "alphagov:ida-build-bot",
                        "attributes": {
                            "etag": "W/\"920e3015e3bbf60105c6115bbcbca214\"",
                            "id": "alphagov:ida-build-bot",
                            "role": "member",
                            "username": "ida-build-bot"
                        },
                        "meta": {},
                        "tainted": false
                    },
                    "deposed": [],
                    "provider": "provider.github"
                },
                "github_team_membership.team_membership.0": {
                    "type": "github_team_membership",
                    "depends_on": [],
                    "primary": {
                        "id": "2826122:ida-build-bot",
                        "attributes": {
                            "etag": "W/\"56ba37773d2d5ade22ee564fc7a2afaa\"",
                            "id": "2826122:ida-build-bot",
                            "role": "member",
                            "team_id": "2826122",
                            "username": "ida-build-bot"
                        },
                        "meta": {},
                        "tainted": false
                    },
                    "deposed": [],
                    "provider": "provider.github"
                },
                "github_team_membership.team_membership.1": {
                    "type": "github_team_membership",
                    "depends_on": [],
                    "primary": {
                        "id": "2826126:ida-build-bot",
                        "attributes": {
                            "etag": "W/\"bec2a661e5ddc4632d4cd4b68a0c2703\"",
                            "id": "2826126:ida-build-bot",
                            "role": "member",
                            "team_id": "2826126",
                            "username": "ida-build-bot"
                        },
                        "meta": {},
                        "tainted": false
                    },
                    "deposed": [],
                    "provider": "provider.github"
                }
            },
            "depends_on": []
        },
        {
            "path": [
                "root",
                "user_idrop"
            ],
            "outputs": {},
            "resources": {
                "data.github_user.user": {
                    "type": "github_user",
                    "depends_on": [],
                    "primary": {
                        "id": "137389",
                        "attributes": {
                            "avatar_url": "https://avatars0.githubusercontent.com/u/137389?v=4",
                            "bio": "",
                            "blog": "",
                            "company": "",
                            "email": "",
                            "followers": "3",
                            "following": "0",
                            "gpg_keys.#": "0",
                            "gravatar_id": "",
                            "id": "137389",
                            "location": "London, UK",
                            "login": "idrop",
                            "name": "Phil Miller",
                            "public_gists": "7",
                            "public_repos": "9",
                            "site_admin": "false",
                            "ssh_keys.#": "2",
                            "ssh_keys.0": "ssh-rsa AAAAB3NzaC1yc2EAAAADAQABAAABAQC21xOT7vzcghrN0/BvTEh6n3nFGenxb+LmcDloXk2fc8w+CeIjJGqcgG8y/DAhuAYrq3YxaOPTXCVXJ5ewkrXNhA6kcLOuWjQLokc7uEuhT5uKsd8gTCBULe+33OY5r1K1QAURKxaaB/sJfjCBE9orWd/tDBrjFFxNhdvuUO2dQExluEHTI99Htle9ycVtrOpdx5krZQpWhG6YmRp0BuVXMGTBLwTt+MztC0Fk4+ongwcfux1mqHA3b93K3+IT5fZt1TLdnFIXOB4Y4tt0g3wsoyybbPJbMB/bjW2fAvMTCOCTh/EvabhBqjfCuvwcWLYXUFuf0lMtWnwNoCqWD8JV",
                            "ssh_keys.1": "ssh-rsa AAAAB3NzaC1yc2EAAAADAQABAAACAQDocryGoc94Yp0BcEwMeQoRNDaTUADknSYyxxDxWAeKDechk4V8dvUsCuGD4AD1iKnwMIzla8ye2PuDy7/N3/T61j6cyhBg1Tfg9g4Nafy8AVTQaYIuHYOsP1PSgxgMAGWfxBzOfbB/kfe7hiaZXS5Z6e4I2QSwhVh+9hxMzKBbJoVnxKHsB/X0XgocOvFzTUwZ77z+qZNfAmy7Ip3MaS5BPKNtMlRhrKa8XAfbiaM+GsddtjQpSgGSZGhuLPwOVhy6fPCnn7NsmBM8cYSS1KrvkCYSXZMFGESlPvJQ5ZEJ0wIvxqGNHP+ZXVVrYOlwxFmtBS6MAr2IBc3y4S794T6wZEJCgbMX+UyDXnDk6b4EL7yfdhI3PklyEtpVQ2ESddBxEgXd/ArGZkDOr/pXFiDAX1D7dqYAfXYSvSkCTPcTN/ouSInJ2aQGGhzE/94RrKqoVBT7Wbz/QYuDYdHI6CXVjPelD2L7200+feDck854+fpl/mzsD/pIdo6Ct6Asl96WuDY/9beu4I5CQkef3gV4SCO7cc/DU4nW9AiQjJG9zhazSf+Z1SGDUAUkGsz5xa3+vDCLUP4ehGRuMPN9ZShkWU2tV49O6I8PK/05OEcit3AThIZp4qWXBZZb0TBwkG4eBZ55uMwY13+4la88lra0u2duxFYxPQSp0jpaw7D0WQ==",
                            "username": "idrop"
                        },
                        "meta": {},
                        "tainted": false
                    },
                    "deposed": [],
                    "provider": "provider.github"
                },
                "github_membership.org_membership": {
                    "type": "github_membership",
                    "depends_on": [],
                    "primary": {
                        "id": "alphagov:idrop",
                        "attributes": {
                            "etag": "W/\"94a4270a7ca2edeec832ad2ec9d8124d\"",
                            "id": "alphagov:idrop",
                            "role": "member",
                            "username": "idrop"
                        },
                        "meta": {},
                        "tainted": false
                    },
                    "deposed": [],
                    "provider": "provider.github"
                },
                "github_team_membership.team_membership.0": {
                    "type": "github_team_membership",
                    "depends_on": [],
                    "primary": {
                        "id": "2826122:idrop",
                        "attributes": {
                            "etag": "W/\"53cdb351ac5f3e11d467d49afde3cdf0\"",
                            "id": "2826122:idrop",
                            "role": "member",
                            "team_id": "2826122",
                            "username": "idrop"
                        },
                        "meta": {},
                        "tainted": false
                    },
                    "deposed": [],
                    "provider": "provider.github"
                },
                "github_team_membership.team_membership.1": {
                    "type": "github_team_membership",
                    "depends_on": [],
                    "primary": {
                        "id": "2826126:idrop",
                        "attributes": {
                            "etag": "W/\"d23a0b40f786332bd34fbe8806ef1f32\"",
                            "id": "2826126:idrop",
                            "role": "member",
                            "team_id": "2826126",
                            "username": "idrop"
                        },
                        "meta": {},
                        "tainted": false
                    },
                    "deposed": [],
                    "provider": "provider.github"
                }
            },
            "depends_on": []
        },
        {
            "path": [
                "root",
                "user_issyl0"
            ],
            "outputs": {},
            "resources": {
                "data.github_user.user": {
                    "type": "github_user",
                    "depends_on": [],
                    "primary": {
                        "id": "355033",
                        "attributes": {
                            "avatar_url": "https://avatars1.githubusercontent.com/u/355033?v=4",
                            "bio": "",
                            "blog": "https://issyl0.co.uk",
                            "company": "",
                            "email": "me@issyl0.co.uk",
                            "followers": "36",
                            "following": "1",
                            "gpg_keys.#": "1",
                            "gpg_keys.0": "xsFNBFflAYUBEADUxHg/+etlLoGJCJQzyXW687TPc2Ap5E8+B5v7Iv7ExcjYJNMpObuj+tcsr29eWZovAzA6j+pfqFpL7EkIosLgf0nNYzqpQWhc58VR+IbgRDrZReC2hZoVRklJOocFkIwALOV7A5ByWU2aDdZY9GJ14HkOfMnHWOgDnATRkmdsTF5xM9i/Cy4FBWBYzkkLrsnBUTvFAEkm6LQJF96JbLegsUPOqu73Xz5sIuvm6t+dhkhS6GgJVp5XZPA1uGdORtB3bK4QGsKVjQuZ1N6uEUPAAyDz6IBADKT8jHc5ha3ybPpLFSjYxmudLY02lcO2LuKlGr1gu5VCdPFyzolIsgRdYLPRCU/Dj/wKZThZ6aIoTIcLpCT6z2PqglIvBW2JXarqUnNUhTp80ThmF54X3ZVnzqaZ6IcXCC2dQ34n7pJnxy1raNohNxEuFQbxuRrd0935aD5fV+1Yh3x73uTHitMTr1q1A75o6vjJcXO+KVuywd3nPdL46VFVL3Msa/11EkON4j9EXIdzoNYNr40CZ/YVw8MjptQyhs5Wf/M/T/ozKiXWWO0wLTCkVIUgRxA8tvTeCvglnzdQbbLrdnZIyDa74fwO+PN7TDScsb46lmRZiCHfgbhu8xe5wSd0J6bqAW8DMxvphpu0bWL7Baj4AHA/lF3i8zKJif8ERF/Q6B0sgwARAQAB",
                            "gravatar_id": "",
                            "id": "355033",
                            "location": "London, UK",
                            "login": "issyl0",
                            "name": "Isabell (Issy) Long",
                            "public_gists": "11",
                            "public_repos": "66",
                            "site_admin": "false",
                            "ssh_keys.#": "3",
                            "ssh_keys.0": "ssh-rsa AAAAB3NzaC1yc2EAAAADAQABAAACAQC7HfCT0IusPqKxxEbap5yK1xBrKUpSB8B8wdiK5LgSWbaf78oY25nK5LE6i+NTFVt1Kxpd5uYs7/X3BquvdDrnkRVeJyfqDpJFSSSQBHiHSoVLv+EYzEYVRac7BT/riWSsNrGRGhAMMo84rWmSFmQxDBgJ4XMhv4Z0/2eBNRK+uZv+PHiOrWu8uAGmyr5s8bj93UqzafaoUaCcUBoWMGGk0pkmThlRAThpduvOvYqlX4YIbJ3vgEUfxCWhedmgbo2n4UXq8YISE46b5m9YmH31ZDifZ+WF3QXHsGQZmsB5TgSjTLHQGqoI7XpfTd1T1dGnIFT8ykBVrOFa7N5/AVn3AKBT3F63Ct9rMqdx9oIAn7d8OJQrFQfA1j+8fnUysEsO7lNALA/M0rAwAPwwC+YGwaspwTEzjFFK5/jPFhk+Z8n9PHZflxPN6bhRwv7PhK6tCmJ3jEogBSljE+/aLMS32HaaBjtxQO4AcjdxAB0ICsoY+Jl3kldJPudttrG6APufr0pSemNRPz6sVoxsph85CxdImKt+EDLpOxq25D+gQv2ACHRuDsqrZO2xDt357nqEoJNEL9W6BBDyeC2AIWA+59v4z7NveZf58Y8YhBZ5ZJdHOUP545V9tDBQDuttWYR/JoU4iPegKPuYZuayPYyYIcqSF2HIbbQ31qvyLSTs2w==",
                            "ssh_keys.1": "ssh-rsa AAAAB3NzaC1yc2EAAAADAQABAAACAQDqdoLUO1EGmiHFBqOVMb3wmuyhaCxx/iPA9SLxEXrq8DsnrPrGSPyZumhrQ++uNWrxH0e/lHbobvwg0a9Yo+SspS2kOgvA41qzk2QZWGYcaF1hReSPrYyKwkXcfu24xf0kF26IecssyrI5iVhN/UEk6TYhXqVGtpEoTEES5pPSNnoBG4UQguB+FJ5N3xxgjARLuPKCLzIQ4624+RBLrYqyRSAy3Rus8GSf16QaVS7fWGfJrhcK/VlUqDadtTsqjj6c7DOFs71FGCm3VzOpA9m5+v2quElrhWeP8dc2HdOctvUle9X0VyxXJKJp8h9FFZntyXTbhHkIlXcpSzZ40r2UEJ4Tx1zDpmh5E8muUTnyq71GBuDmcVKiIDMYtuqTbemURqRNjq81opI20ztrwJMlXb6QjaYE+9OEoWiwr4cTH6MyRZtJnBu1lmYyAz1FJtLlpjhAubY8gOB0PrWMeA68+ZLcwlaSO7ZYiGoO+DFTdY1IgKdWGXhMwC2KpiaahghcYCwBI+KQ9FtQfcduTmi65MvrmIQqGU6I5zyk+2bujubKma1tEOo97iMoXXsgjd7X1JPN5WTprST/NaZx5udBuX1zgguEas/OAvkSDURhUC1oxTZzuI7jexqXJVP+D4UaCqtJgFN3Oi/IFsTV6q1HVYCm1lTzI9bTUOqYkPMRiw==",
                            "ssh_keys.2": "ssh-rsa AAAAB3NzaC1yc2EAAAADAQABAAACAQC/oJXjiJWsS9mauyNO7bxqWKaJHiwuXuOjui8yk/Gc6mMRt1yhjrRNEK2XdlU7vunolzsiNWB6AY1gJlsXVLBwd0+oqOXRAeL0uAL2y9W8JB5kMdz2Davj9tYt1pSL9MB6fTj4hmc2RuY7MM8dGL6q4J+c4LCn+8OIoakqVF5tb0PMoT8mItRu5/0I1MGOLn73b8isIONmf4pXCtfPlRuB0HsUwEBmoFaCBvvtmBq26431nn9P2THcAl6iEWvK/u61x8wWTFcKIzdQI3KDmp5gM6YHi78EvDe41X16fnVcfs7B+gxCLxmoWuOYJHoWwikETDtg1ZVl2V+e1UWgTT36/7fIRTxWlaiFvtjkmxgaLM5WHGXpEUOGdVu5QVr+jTjpkancyIhyFv/h/iOJ7p9InTan42NxrKLTxnBgCds5OgEEpsnKhGNON5OBNbI6e/Lw/J62jx4lR0ShXWHAhkn13UkT1002FJMNPIYuKV4UvEZfmS4hyPO44zgtManU5gsqGGhPr64GNC/ahXaBBXeNUHtzpveRc73KN4CU3sPXmoN8amrhAJ0CZ9wXj9TklkKWqyDRiztxYYiJrerc9v2RUgya0NNDIsVzyD7qnMznApIV66WImcBmGfZuxSg9SVE8tcFPaWiQS5rsjE01IHtr5fhY3oLQmD3lQC2FsjQOhQ==",
                            "username": "issyl0"
                        },
                        "meta": {},
                        "tainted": false
                    },
                    "deposed": [],
                    "provider": "provider.github"
                },
                "github_membership.org_membership": {
                    "type": "github_membership",
                    "depends_on": [],
                    "primary": {
                        "id": "alphagov:issyl0",
                        "attributes": {
                            "etag": "W/\"0dbb6af09ed9a31b4891477d5593a828\"",
                            "id": "alphagov:issyl0",
                            "role": "admin",
                            "username": "issyl0"
                        },
                        "meta": {},
                        "tainted": false
                    },
                    "deposed": [],
                    "provider": "provider.github"
                },
                "github_team_membership.team_membership.0": {
                    "type": "github_team_membership",
                    "depends_on": [],
                    "primary": {
                        "id": "2826122:issyl0",
                        "attributes": {
                            "etag": "W/\"9ff4a531dea3561b4d09a2fc27e3567e\"",
                            "id": "2826122:issyl0",
                            "role": "maintainer",
                            "team_id": "2826122",
                            "username": "issyl0"
                        },
                        "meta": {},
                        "tainted": false
                    },
                    "deposed": [],
                    "provider": "provider.github"
                },
                "github_team_membership.team_membership.1": {
                    "type": "github_team_membership",
                    "depends_on": [],
                    "primary": {
                        "id": "2826127:issyl0",
                        "attributes": {
                            "etag": "W/\"be2699940a52585c7458bf4363091b9e\"",
                            "id": "2826127:issyl0",
                            "role": "maintainer",
                            "team_id": "2826127",
                            "username": "issyl0"
                        },
                        "meta": {},
                        "tainted": false
                    },
                    "deposed": [],
                    "provider": "provider.github"
                }
            },
            "depends_on": []
        },
        {
            "path": [
                "root",
                "user_j_maynard"
            ],
            "outputs": {},
            "resources": {
                "data.github_user.user": {
                    "type": "github_user",
                    "depends_on": [],
                    "primary": {
                        "id": "29251905",
                        "attributes": {
                            "avatar_url": "https://avatars1.githubusercontent.com/u/29251905?v=4",
                            "bio": "Full Stack Developer at GDS.",
                            "blog": "https://www.linkedin.com/in/jrmaynard",
                            "company": "Government Digital Services",
                            "email": "",
                            "followers": "0",
                            "following": "0",
                            "gpg_keys.#": "0",
                            "gravatar_id": "",
                            "id": "29251905",
                            "location": "London, UK",
                            "login": "j-maynard",
                            "name": "Jamie Maynard",
                            "public_gists": "3",
                            "public_repos": "1",
                            "site_admin": "false",
                            "ssh_keys.#": "2",
                            "ssh_keys.0": "ssh-rsa AAAAB3NzaC1yc2EAAAADAQABAAACAQD2FFz45UqI9fTqceri8uSC08QN4MApGwAhUyZWqgHLnyAxeepQ2roK3DsI2ZOzOFFwARAZEZXxy2in1Dp58cM5VQItJJxdQ1rTwbxYnJmo0nXkN32vB93mmmG7PGYBUXwNH2W2iuHV5UV4KH2pWUgeyAIh/oWJMLkAFNTPLfByOsyRH/0wHQk/Fch6KA23i3wBrlVjdOmHdhTH6KIM+ROTKWCGqSopt2PuERYVNk8STkDmB0Y7vnkE1txFJF+FVTWJ9pFYtjDAVwgBvZ3PgnwQHtdGdaHvDxOK0y3KJbVFf9bVZJJMoMxU1a/4uw8pGPE9qd7zX8JKZy92YJQS+tL74O6YTU9j7Nh/w9icMawCM6j0t5nph89WsugrARZzm+LAxFQHUAU9ct2AcioLR3DnHgua0gIAXJvosLOXvKEAMM1nQDqQLwi9tvDHubTESh72zKc6EJKBOMOu+wlBBInNJfRHF2TuoWQaKDpwOg6LE7NIluMbD+WO3BC+Tfma2vlVyPnI/Gfm0zdAlLed08dfYQ21HOzM1wGYzI+3Vy9/W4UVoOxvkCgzREaLJAinE9Cw93X0S7tntlDkftMLa/Be4FzOMY8Brb5461QmnVPj/Bxpp3ZQz+pOqH/jxG8dqVutEdPGryAdgxphUbBvmCdWjesSR8cZ9xeW+Utp7inutw==",
                            "ssh_keys.1": "ssh-rsa AAAAB3NzaC1yc2EAAAADAQABAAABAQCh9Fsg4Qvu0SK+rIKUJC0bvB+NNwL+WXqmaEcETTZuJqum0M7c2M+KHTDd1WsdIqixNAAePO2NcWfmy+8P4jcP8DeHankhMtxgC2TWK8R6YUVfDpiV4ou4OyCotY0CzBviAalvCUQsyM15o6Nd6JJjLCmqCmWzOuLb1ylxKuaGORjKqSbR64Sf4eJUy7cAcuAtgrhqJQOE7aPTIMNzZLHYTQzf2/tmLBI6Nv5d3BfSTy8Pt1bpYkD/60Gr5p3cxYrHRb4efSLha+N1xtgKalhKycLOXFhajxLxSN7Lmu4qnNJGW03I1aSSRM6/ITZ0xj52gpsVsZd6vrcg71H3cu4L",
                            "username": "j-maynard"
                        },
                        "meta": {},
                        "tainted": false
                    },
                    "deposed": [],
                    "provider": "provider.github"
                },
                "github_membership.org_membership": {
                    "type": "github_membership",
                    "depends_on": [],
                    "primary": {
                        "id": "alphagov:j-maynard",
                        "attributes": {
                            "etag": "W/\"28245be643346be5c844cb72dd490ca8\"",
                            "id": "alphagov:j-maynard",
                            "role": "member",
                            "username": "j-maynard"
                        },
                        "meta": {},
                        "tainted": false
                    },
                    "deposed": [],
                    "provider": "provider.github"
                },
                "github_team_membership.team_membership": {
                    "type": "github_team_membership",
                    "depends_on": [],
                    "primary": {
                        "id": "2826122:j-maynard",
                        "attributes": {
                            "etag": "W/\"92f28dd8c903791e34018b45e3e37932\"",
                            "id": "2826122:j-maynard",
                            "role": "member",
                            "team_id": "2826122",
                            "username": "j-maynard"
                        },
                        "meta": {},
                        "tainted": false
                    },
                    "deposed": [],
                    "provider": "provider.github"
                }
            },
            "depends_on": []
        },
        {
            "path": [
                "root",
                "user_jakubmiarka"
            ],
            "outputs": {},
            "resources": {
                "data.github_user.user": {
                    "type": "github_user",
                    "depends_on": [],
                    "primary": {
                        "id": "30629434",
                        "attributes": {
                            "avatar_url": "https://avatars3.githubusercontent.com/u/30629434?v=4",
                            "bio": "",
                            "blog": "",
                            "company": "",
                            "email": "",
                            "followers": "0",
                            "following": "0",
                            "gpg_keys.#": "0",
                            "gravatar_id": "",
                            "id": "30629434",
                            "location": "",
                            "login": "jakubmiarka",
                            "name": "Jakub Miarka",
                            "public_gists": "0",
                            "public_repos": "2",
                            "site_admin": "false",
                            "ssh_keys.#": "2",
                            "ssh_keys.0": "ssh-rsa AAAAB3NzaC1yc2EAAAADAQABAAACAQC0P/aCxylpAfCsSAozPT4mixHCl8/zvKg0TrZKc92p0EEVBe6ZzO6R/xcyArm7/gQPYMjRTDyLswCH5WFn0Zx4YjCypMZndRLk0fe6018VNYg4jsbWAGSpK2If8m+WbhOaYcBNoGyIMds+kWWJi2JE1iyL1UyyM/oRilp1vP4zlNfKKTojM8GISUaGwvPp+0HkCNDmbjyaNAoMc5hyywKeFdFms2Z5E0yTGlebjVRl38jZJwuUsSYp3a29N8rtZi2QPXKmftL4HByVpRk/T8zka0rb37QaeMuTrXWJcF1lgqYI9gvaAd2tNLbXwXeA8N9tbhS5WVPIZwn88v9353HrHfEH4lzOPZr33I0cK7BKqeHN/m3TRTQM+ZC9fZiJWSAake96d1MPi8yYs3A7b9wTeVal7NAxysqvpZz7zQGP5vSfoLMCaw8zzIpLGyl/KdCEF84q+E6R/LzPFkq6Dg/UScdcJZtT67aoT1agAzjrVUp5+N7dt9fBQrh0jRSDtJF5b85BNoLbErKCOMSzoQWuRoKkNVZhw+o8xL4KW/xAtBy2D/F54YRohG+/4W+72lA85cFpCyJJ1d3xiOLeUFIUiMWNjKXNCl6oTBxBg+sAYphXHJVQukJiapSXAMAEhTgPT9Lj7Jm+KfJOlN0klxE17FwIMzvstVxXq9ZS27Dhgw==",
                            "ssh_keys.1": "ssh-rsa AAAAB3NzaC1yc2EAAAADAQABAAACAQC7czDeohXqYDSzK6R89JQPUtneooA1oSkqaPqt8hjd5xslbKnUu0qWpl1Qfu7IMbyhE2S8xTXHkV3gpb6caad06eb610Fu94eV+8trYweoAlymL2iPW9Ln4E58xmjYhKPe7wXOEVAqJYNqZtVZ41BCDaTPSh+fGdHV6xLC49SsT2SfShioxv6AFseCWwH+O8FbxAWgOYphqHUew9HpsOLcAVBfKNckia/D+PDFWDfXZayqvGlGc5iAaKkeh8cXAvIpw+ppnT+bg7+ByaNiNLl+Vcq/pUmgC4aEh6xMf4dVJez3UYymQrujbbDLV5Nn63iGxGSvOI1uwrJlShGdkdIuj2/+I1/eireE2KXBAG84CpvoEnE85I9AuA8jkMpfi1B4xQuGew3ze1/W0qzGxsAJS476ab35fWcmdnaejMA9Z2bESanPvBJInxBPtuVDcAuf95jWvHazU5ynL+v9DJ9lsuHaTL+IKzDN6KHAyycQw/h1iY8TO5gsMxXJUptl6qBXW0S5RUvwnvYfbuEOuRdb3Fg0KIOTjdCQqZePPH97Zf6VislMT+v7FB54tp85b5rySKAe9arQ6Gs4RlqS43z13CxHNhOG5RFU+wm+M1sKG9eAdkYGjCjk3c3LsqR63NWQEpBJ3ocF7LD9KQavNcFMMeAfs8lsknnNhrIaoMl3qw==",
                            "username": "jakubmiarka"
                        },
                        "meta": {},
                        "tainted": false
                    },
                    "deposed": [],
                    "provider": "provider.github"
                },
                "github_membership.org_membership": {
                    "type": "github_membership",
                    "depends_on": [],
                    "primary": {
                        "id": "alphagov:jakubmiarka",
                        "attributes": {
                            "etag": "W/\"233582b0dc790df4da8c349bf94f88e6\"",
                            "id": "alphagov:jakubmiarka",
                            "role": "member",
                            "username": "jakubmiarka"
                        },
                        "meta": {},
                        "tainted": false
                    },
                    "deposed": [],
                    "provider": "provider.github"
                },
                "github_team_membership.team_membership": {
                    "type": "github_team_membership",
                    "depends_on": [],
                    "primary": {
                        "id": "2826122:jakubmiarka",
                        "attributes": {
                            "etag": "W/\"d81046aef252d1c77455b76bb3d38e71\"",
                            "id": "2826122:jakubmiarka",
                            "role": "member",
                            "team_id": "2826122",
                            "username": "jakubmiarka"
                        },
                        "meta": {},
                        "tainted": false
                    },
                    "deposed": [],
                    "provider": "provider.github"
                }
            },
            "depends_on": []
        },
        {
            "path": [
                "root",
                "user_jhjava"
            ],
            "outputs": {},
            "resources": {
                "data.github_user.user": {
                    "type": "github_user",
                    "depends_on": [],
                    "primary": {
                        "id": "35073557",
                        "attributes": {
                            "avatar_url": "https://avatars0.githubusercontent.com/u/35073557?v=4",
                            "bio": "",
                            "blog": "",
                            "company": "",
                            "email": "",
                            "followers": "0",
                            "following": "0",
                            "gpg_keys.#": "0",
                            "gravatar_id": "",
                            "id": "35073557",
                            "location": "",
                            "login": "JHjava",
                            "name": "",
                            "public_gists": "0",
                            "public_repos": "1",
                            "site_admin": "false",
                            "ssh_keys.#": "2",
                            "ssh_keys.0": "ssh-rsa AAAAB3NzaC1yc2EAAAADAQABAAACAQC/yZQW+Xz9N6IwzwTm77jBMZHICrG/IUXA/CPnSeA8x5GIjo5ey5GXzUL3BOvj+7U8RPzg9WtI1cTpDFGxS7+i44ls5HFtE4ozaSBZdfDNqyxB1aQEiWRT8O12Q2e74NauljUHRkljS6DEmlt49lii4np/LvyJ5gbmGCxFCAMDP8cKMFEg3hdWr1jiM69/pFsiw0+VwrPv5G2cmCSmEVcvmip51VsdfA+d7k0+V054llYlZmKtGR3w2FDt0tUg+q1Jta5ZwokzYNJpBHrQkaB10TpQUJnrAUFuaa30sWdhmh9DNcthRJXSjiiRxPnwcnlhEN70swxDAMFe1syXSM2aCP6eL+qYBvcEjPHyDijUK1sG0//uTvGJY1xSwWws6NWMPpSkEW8fsUr7Fo3XmIpU6CXYtLlOQ4UC2w3pPQoDW3qKAilHdugBj26gj0qfInFwKl4/fsLgKLyNIaTbG8G2KKLtMAcu6nQ/PF4+xvdfmbUK+mQ9y5oUYm5z2WkZC9Q7lTkL+yBGdtaCMycHhbniDQeB5jMNktL78UxOhy4ICmOyr6BaDFscXS49OB0pFZZ55GBRUhinH6apIerM+3Jm8wX2mG82YkmOJfZc47rSLQbwkhy5522cKr6+KI20w16JBRmbHxkFoCotWqd0TgZ+EgxDQ+vPrQw1zySPXFlQew==",
                            "ssh_keys.1": "ssh-rsa AAAAB3NzaC1yc2EAAAADAQABAAACAQDVWjwMKLbW9aeG+78MlZI27aDBbd5hDIb64lCZNAjla3vbYfIAIqoqKpQCFQWfLmmCgp3i5lF8ZQ3+20LF62dSdsB0+2JfdyKgFf6A3kDLCSBz3s7e+megOIlhgtobvk64X2R1hGzeV8uxxfp5hfF0KqHwUXuRmUJ1qCpsOH5Bh2aA2XMM3gdH84aOxL4RscDUXzQEgbrTdwmGDfLEafHCiKFVspVUlJtWqhbA9UJoZ29ZDZHwBJLMRNV6mHGrxNU0jArst9bLyjIikaGy3tSjSmTD6kfyVsljNZn/0AkqI+akHPbYDGtcYXJnr9+YubT+KsWdmB2/M7FxWXuJIy7J/eR0Ldus6e1LWtXsCZHqRcOPe5kn7wojqiwHeFvA8MeadAlm9xzvUlLrS9oOnPx2fBBby1pc/iTuDXOscH+RiemfHzNOgzcGlPkBxFUGri2L2hfOpw+4TUMtmGz1VBi1K/iyq0A+Fd2OCHBHncwSowkcCCfAV4jdUvSGvONXzkEGtfT0GfRXGHH5Ibtkm+9hIoVtpJT4t/pCb5j+W1v1Qisoof++u6EpOAs1Ihm+vKkEktjEVad/O4SkoIFvolYoO2zxqeAN8QBP8WQW6uzS4LamfIfRpyg5nJ4jBLsyX6gIH5QmpSz2Jh+RFc5FKGS8yvND3SKPYa4TE5rHGcZynw==",
                            "username": "JHjava"
                        },
                        "meta": {},
                        "tainted": false
                    },
                    "deposed": [],
                    "provider": "provider.github"
                },
                "github_membership.org_membership": {
                    "type": "github_membership",
                    "depends_on": [],
                    "primary": {
                        "id": "alphagov:JHjava",
                        "attributes": {
                            "etag": "W/\"ba8244b265988e02ea1bf6cd18dd4517\"",
                            "id": "alphagov:JHjava",
                            "role": "admin",
                            "username": "JHjava"
                        },
                        "meta": {},
                        "tainted": false
                    },
                    "deposed": [],
                    "provider": "provider.github"
                },
                "github_team_membership.team_membership.0": {
                    "type": "github_team_membership",
                    "depends_on": [],
                    "primary": {
                        "id": "2826122:JHjava",
                        "attributes": {
                            "etag": "W/\"4bb930897662a5fcdd75fb05156bb17f\"",
                            "id": "2826122:JHjava",
                            "role": "maintainer",
                            "team_id": "2826122",
                            "username": "JHjava"
                        },
                        "meta": {},
                        "tainted": false
                    },
                    "deposed": [],
                    "provider": "provider.github"
                },
                "github_team_membership.team_membership.1": {
                    "type": "github_team_membership",
                    "depends_on": [],
                    "primary": {
                        "id": "2826126:JHjava",
                        "attributes": {
                            "etag": "W/\"02a9ce3aeb6da61ec6ad7ce17ba64363\"",
                            "id": "2826126:JHjava",
                            "role": "maintainer",
                            "team_id": "2826126",
                            "username": "JHjava"
                        },
                        "meta": {},
                        "tainted": false
                    },
                    "deposed": [],
                    "provider": "provider.github"
                }
            },
            "depends_on": []
        },
        {
            "path": [
                "root",
                "user_jkunle"
            ],
            "outputs": {},
            "resources": {
                "data.github_user.user": {
                    "type": "github_user",
                    "depends_on": [],
                    "primary": {
                        "id": "3749690",
                        "attributes": {
                            "avatar_url": "https://avatars2.githubusercontent.com/u/3749690?v=4",
                            "bio": "GDS Developer",
                            "blog": "",
                            "company": "@alphagov ",
                            "email": "olakunle.jegede@digital.cabinet-office.gov.uk",
                            "followers": "0",
                            "following": "0",
                            "gpg_keys.#": "0",
                            "gravatar_id": "",
                            "id": "3749690",
                            "location": "",
                            "login": "jkunle",
                            "name": "Olakunle Jegede",
                            "public_gists": "0",
                            "public_repos": "23",
                            "site_admin": "false",
                            "ssh_keys.#": "2",
                            "ssh_keys.0": "ssh-rsa AAAAB3NzaC1yc2EAAAADAQABAAACAQDAT2nKoCdvwxPEy4/QOCj7fAvbwlr0rhbFkMfD4oWsfJMqFz23bo4abyBghBZkT1TAIJ8fwed2hpRsZDu3bpsDjRswSxDOITKDRsQA+H1yCILNSpsqEclMnzo5cD+Nw+Kiy8fTjfa0ilbdKEnnKQh9uz0tavFXkNGcvKmxWSTAXAgD9s/nMDAz/Wes/EkkFeq0ODO/O9sYxhXG57l3kTzqDuVi15/KwgIw2Ol8InGIoZsaezCpTPLY6alOfVHC3lrubJfzv6WF7UsDmsnMLukvSvcnrQCirZWMKtH1+RgO4wNJwu6q7vobu20mli05Upz79pwZJcYKs+FZLyGFj6HlKZNpfzhaJje2mjgfNlA1E+96FqZzIaX1YXEvM+UUEZNFwyXqt83CXMACdi1AQRKXEQOib0A0cDwSajsN4GBA6yrm+t5BdQW/sO/Tn5rvG5bPIoLUGxkRCfhCaM6GHbzTHz9+FMzGmxb8Z/gZl1LCKMWC/fJ1bOXk9tuZzsRclcOMOMG6D5BkSmirQCUubtxgdQLlE8pXe5GP2eGMVHyoRp4mNh8Qo4u/5hShSFg+hE5QGcVS+x60bSZxIoVWhKb7ZUN7h6YQ8xqwD1qK2RoWydwG+WgNUtL8xh/g/uDgK692UaRaaqyI5QS+uwBCTy+j9m3LVPa0smUX41H+fwWbqw==",
                            "ssh_keys.1": "ssh-rsa AAAAB3NzaC1yc2EAAAADAQABAAABAQC1y/0GnnnAEMxhJC48wM5fPB6TTNln3lWL9ZxJryCupO/jqmnajsdEZQJFJ85tNDaIuo9rEYuwuUtnpAjYDKRLOxfJOz49DhJHyQ0PI+KY1MCAsjWbz/IhaQcscWe7FI/3M8Vl6xhhmPgezjqVs/UP6R7fjPRti0JD9VtsK2vb5Ira1BO2qVuSUUSd/9S9geb6Ilgagq+K9Aqnxg6UxOX+AoWASfdcE23PVbUJddWs4Fc4GKW4IECnve3V4efT48+yJT30cqsTc1yGPL58sIgJvFF9Xi0FxZOVQMG6qPk+F7JyjbI59O8bNoKSKCThCmIPHkXgETFfb6Mu82eHCbXv",
                            "username": "jkunle"
                        },
                        "meta": {},
                        "tainted": false
                    },
                    "deposed": [],
                    "provider": "provider.github"
                },
                "github_membership.org_membership": {
                    "type": "github_membership",
                    "depends_on": [],
                    "primary": {
                        "id": "alphagov:jkunle",
                        "attributes": {
                            "etag": "W/\"6db809482de52301296e72b43cbcbb0b\"",
                            "id": "alphagov:jkunle",
                            "role": "member",
                            "username": "jkunle"
                        },
                        "meta": {},
                        "tainted": false
                    },
                    "deposed": [],
                    "provider": "provider.github"
                },
                "github_team_membership.team_membership": {
                    "type": "github_team_membership",
                    "depends_on": [],
                    "primary": {
                        "id": "2826122:jkunle",
                        "attributes": {
                            "etag": "W/\"eaf3d44859d9a2cf7686e1afd30dfb2b\"",
                            "id": "2826122:jkunle",
                            "role": "member",
                            "team_id": "2826122",
                            "username": "jkunle"
                        },
                        "meta": {},
                        "tainted": false
                    },
                    "deposed": [],
                    "provider": "provider.github"
                }
            },
            "depends_on": []
        },
        {
            "path": [
                "root",
                "user_johnwattsgds"
            ],
            "outputs": {},
            "resources": {
                "data.github_user.user": {
                    "type": "github_user",
                    "depends_on": [],
                    "primary": {
                        "id": "44802846",
                        "attributes": {
                            "avatar_url": "https://avatars1.githubusercontent.com/u/44802846?v=4",
                            "bio": "",
                            "blog": "",
                            "company": "",
                            "email": "",
                            "followers": "0",
                            "following": "0",
                            "gpg_keys.#": "0",
                            "gravatar_id": "",
                            "id": "44802846",
                            "location": "",
                            "login": "JohnWattsGDS",
                            "name": "John Watts",
                            "public_gists": "0",
                            "public_repos": "0",
                            "site_admin": "false",
                            "ssh_keys.#": "1",
                            "ssh_keys.0": "ssh-rsa AAAAB3NzaC1yc2EAAAADAQABAAACAQDF6sqg12qi3Ap3dTcigh8oq8QVs0gd3N64f79jnRR5Y1l0IjCDpIMyXc4qGxan9a51+TC1SDnkszNoUxMgp376mf/ni0rJAH0zcFg6nsuHV5Mw1GGb/0Z6X8USSlTtM1MqDWspZiao0uqMmULweCWPqwmbbavkyttI9ohW7WSrvdM4JUlgiKAx2BS6tuXtafNYzJmzs/4VQ0h5OIdSqTLGHASOpqNolR7EMymuwtmqDCSBuXXFsYtbm58TkiWqyJD9KYywqicsocHJBQ1sTifA9FEp9hVsFTo+6lsVgvu33UqhzjZUODDbNyHeR/qDQRgBXp8/gCRJcIcmcN8eJJsdZKNEI+75IZoZEiSbLQJn6NPdWOvKkKA8NQd2K4vvBf4fDmh+5t8XX/EMHRIcNGyGY/gt2+0498iDdChTd5s+/5GZq5MFMSQ+vh0kv2XlsFfsH85sqZ6Hi4hNeQdhPYx6bcohufRHKYhyLGm4r22fytGQ3wzc6WG3n626O4bOPtmSk/mUid2wwKkKvMBLHNjgXKVHKi9BdWFW7BcB67gbq/drD9ENwyAYqNiO+S7LpeH+HZ95tqOaZx3uvanr5tcnhP0HGrkzhc0TjzcCkn1ZP/izEbMktroAq9fpganrZ/sgabOtbp/IYg8DeiYVj/E1ML23FJmIJNvGliHwPD8z8w==",
                            "username": "JohnWattsGDS"
                        },
                        "meta": {},
                        "tainted": false
                    },
                    "deposed": [],
                    "provider": "provider.github"
                },
                "github_membership.org_membership": {
                    "type": "github_membership",
                    "depends_on": [],
                    "primary": {
                        "id": "alphagov:JohnWattsGDS",
                        "attributes": {
                            "etag": "W/\"39171d205efc1ac8e85297e5abbf3248\"",
                            "id": "alphagov:JohnWattsGDS",
                            "role": "member",
                            "username": "JohnWattsGDS"
                        },
                        "meta": {},
                        "tainted": false
                    },
                    "deposed": [],
                    "provider": "provider.github"
                },
                "github_team_membership.team_membership": {
                    "type": "github_team_membership",
                    "depends_on": [],
                    "primary": {
                        "id": "2826122:johnwattsgds",
                        "attributes": {
                            "etag": "W/\"12ed7ad0683e2fb057b434ed3f3cb29b\"",
                            "id": "2826122:johnwattsgds",
                            "role": "member",
                            "team_id": "2826122",
                            "username": "JohnWattsGDS"
                        },
                        "meta": {},
                        "tainted": false
                    },
                    "deposed": [],
                    "provider": "provider.github"
                }
            },
            "depends_on": []
        },
        {
            "path": [
                "root",
                "user_jstandring_gds"
            ],
            "outputs": {},
            "resources": {
                "data.github_user.user": {
                    "type": "github_user",
                    "depends_on": [],
                    "primary": {
                        "id": "19669295",
                        "attributes": {
                            "avatar_url": "https://avatars1.githubusercontent.com/u/19669295?v=4",
                            "bio": "",
                            "blog": "",
                            "company": "",
                            "email": "",
                            "followers": "0",
                            "following": "0",
                            "gpg_keys.#": "2",
                            "gpg_keys.0": "xsFNBFrCKpIBEAC9dE9obtlBxYFQvsrEkgVDukhGb6152Ly3av/WquNSO5oLXghKP0hfgwrTH7EoWzm/sumj6tqwf314AAni1AI1WA5kcGMS+9zB17c3fPKIrOv2KbbIG4VO5gB+9dheG0eGbOzegsFiSLGIxdfcX22fwi3GL1Kw4aoQdFzWhicnJqOkDG2+cKeR/WMGPMnUPjJf/wt2pkIq533Gm0Pt4FEsdoQgB8XcBC2qLCsfETW/ZqB1YP1xpgYRdj9t16JwKh2FgxjZiLUWHaxhX8br3UV+N0Zny4vOBK/zI/GEJUoSndRodFRqipxKtOV6W8R3419ELTO6RGF3/jfogouZPUttw6nXpMEd6v+xqnOq6Ilj6YWYmMHzWYvdkcLZqhr6hIM8flQbrNXxy1DbSQ9ujtoEt9mlgJU3txpVbrMiTez1lgiktjTuqreVr9/Lp+boXTHp1l0/VCnVvlDV9gTuWzvUDS1uaK4rMIZQhqgXfO+NZMgVH4SE3Dbvu7tXHIYhdGnUqxkQaMXzHXxWExGudFZQP8bJBpc023r7OhCJJmo8876WlCIKBvgdpNb2/DXkdmNQDhGQwicLmVtCOdKzN+w1w6NXyZlcN5jJ44PQXrTMAEvRkKLwxixoMijjqWpr1hTT8RpLUcr+biNOqx+bdh29iCuxtxsRdr3m4O4JtmxnfwARAQAB",
                            "gpg_keys.1": "xsFNBFxEeJwBEADigPQQrsanvXCqhVZK2YhZIiDWQeBQ862hcOEb0+6gTETt33m9y5IrUC8bKNNUUKkHDUGblTBe4G6+SsYEZvo9KsdCoALRaxYmVUf/Sttyrdb9WZUuve2RT64Bx4yOmSrEZkFppuF1Ju2VR9LhExtV5iotQ+wMdq+vgWsKX14Sboq/Wi5Uv3xVS8SzBpdQ4DE2Tn00HejTgFtXHXy/YmStUzkaes7/JJmgKa1bXgAlpnsjlDQpCxQ1uY114CCcJTVbaSIz1WONvXrhoFPrHzFzus+Wc802vMh+1WOm9IqOvUjaDt9JLk33r9MwgZuwkGmoj+UdtOR9TKPBgCHxRmQHxr2sqm26eY9v02USB2BtqRZxbdxS4g9gvM8ISMaiqmYgwU1mksAUis0ZceeKR1guIDFwekoLFJAMRVnhI5ULz2JVpMhuqwf2Ic5w8HSsvo4tTFhmBbkk57TzBJ750P9MvvA1bJGhZiNnBvroYE9bjSn1oervieBoT6uQJ8TO5ZIta6coUPwlmnDR5IANQDSi67Dlc3CGR0IMhh7VUbyIqt3xtrqUQ9rAnYRCVvjgH+qIaTamti9VF1dp2MIHNLGq+qUFcscVoPmK/t+FpdxWO1tnKg0V7Z/IN10iPiIvUV4g9ZXqlc8R8BNWAc5X6FkymT1+ktK/JHEuPCMe/pMapwARAQAB",
                            "gravatar_id": "",
                            "id": "19669295",
                            "location": "",
                            "login": "jstandring-gds",
                            "name": "Julian Standring",
                            "public_gists": "0",
                            "public_repos": "1",
                            "site_admin": "false",
                            "ssh_keys.#": "3",
                            "ssh_keys.0": "ssh-rsa AAAAB3NzaC1yc2EAAAADAQABAAACAQDfKpwdgfIVnYCCIkcE29Q3ykt4XpEbfMu7r5GdCPCvhK2MNB4W24qWB2KMdArdBLomjDN30+0Lo5g2oppXIu0mssTdsOcdyhv5TfW9hROwTa0gcsjHis2HrkwUMJzhP2+Mluaajyt/ewSIONWdCVLTSEOnbg+Pco599ynX5IVjcCk0ne/TAqK3YY6iWDxUNunfRHO+BuDxO10bWHun/euv0y0faKSzI0f6dmeZy4Ku95DlaS8N87B1GN2p5PBYkUG8gETRYzfZgK9Clc5RR7dIQ2uXGAqXa3uPjDkyL6mGT3gA+udRPuZdv9nEP+fx5FixTtqeHnNhsuDiBreSYeZzr4zHwGpRIyA1v661zaNPUOqdmsI9zABFOXm69JdiXcMKsMX4IBpVQsO7h9JyTRjnNH+wRSNPPOjRZWhIZoxtEEH2W7fAH75chwFnUx61sKdJRtTKIv6pDDsYjwAn7Xi7F4bCC2pFlr9tR6WnXoXPcpIyQOcYwDm1FdRNLWKB2yAae9LFKPR14Y/C6QW4H5DKNOGm7rFJqi2219qqO0saCyMjjI0NtKOmXFKEZl0U+gWT925WplSbPz/RHLLC4anOvH6Nou+v/conh5wZFs3y7yzUeIf14NvBl6ulJPXyIQaQzyKXzWktCdVkCw8aKLk5fmsXoU8lndMR9BCBB5jCHQ==",
                            "ssh_keys.1": "ssh-rsa AAAAB3NzaC1yc2EAAAADAQABAAACAQC5GomN8xUQ6zn1fQ4HOs9dvpl9JbRGApV0/lAv4GYNHRjJ8K5AMijAuPJ+Uz9hUQI5OI14BKSHN4QYgLfLgFuF5PecNAOmHU8ktQEWre0t8SL78SrQfLoj6kVeAGY73Cvzi1ZakB9kt8kyAAYRUSIcD23U4OqR/qpE0feJRnS/YuKesz7rX1njJOuScuq/eDbQZbYpq1b04OPwFyAzOEZFdmfXZ/gQZzALGz5AGv0HHRwsBglgikZalc17GpJl2SjG7fxOHh86Woj/m7N1CJZzJH0ew5jYq6/vOzUhmddMQMClBGERjCLwnDpl8mG/ELvMnBo4csynKXP+oFgrbkshuW54uS4lhuywfnqMfU/NWVnch3knQZs7uLyus9KWsYQGcFEhs+1ozk+URoGLk4XLF507I14TW2HTux6eomEiuMEmdblvUwcFEqhqh0ygLkBN0cf/R1GnwYoOLnRTK7gQOKAwy1qnStxo3F8sz+hkR8bqNlC3wZWj0641MgXEDab7BTUrvsFv7cto6XW9CbbuRukKQJYZB4fGC/gEsWimJLGWM1fVTVtjvGo3XDodl51Q4kHOn7wql/JKbkzexggb+p5rdwSXn9+kHB0QREUCqcrRb5TLjyBdandQCMfyvhBl0N+TSqZys0lmYQn0bsbe6WYFm44Zpk0GAaFFRG0vKQ==",
                            "ssh_keys.2": "ssh-rsa AAAAB3NzaC1yc2EAAAADAQABAAACAQC1FhcYxnDmKCvMlfBH/gDL0qDsitkhVjupZLQCBQgS2AK/7keQyt6bBAMgBsmUKjNxnrjmwrMT2WZeI9/hSUwgzH7V1xyIA9U/A2Ff6ygIAaQoJJpqFR0XLwzcQp1QwYmgmsqzB74mOgRtLqvibG4t3uSr4oGdkbNCMtO4GsCs9PzXw69Cn64dEEFaWuVFLx4VTrjiCN1h3hWMbDa1oMisW+z5vzFmkn9ImvtWThGEJKbqdzFHjsuAmth8iIdJC/GG53frvcH79DxGSgIUtHO9lvxcqiTvfZbkEY5uY59RnLnO/mbDsH4di1CignYVtZN4H+yKJrG9d6fKQktmoZXKfX5orbSRhZS1W5pewxRYiLbOQIPK/kVms+alqA3D1NCn0jjH4rqI57FmzvUIoSxDgYFaWydE4/6fPWYaGo7b66Iceed2vdu0ZwKaDh1rfbvh6Tcm48xHyoohNr4xdP6Gc+7axW5se9IufS39LUic0CdsLsS2kFiR3NKNzIA2zKsgqdnYrCqu8e9DhRrfa8uBHj68I7oAlcTqyN8O0O6Rl9IqbNusDfz7fBt6X1Pa2SPeOasi/m55Th5xy8zh5paRonawVVi2pQmXj8NsfHUXiA11QCUOyBnhL5IvUm+CWYzhaxzMvpNLeuar+N+bu5pZiFzDZiQHxiARWlsm2cZYgw==",
                            "username": "jstandring-gds"
                        },
                        "meta": {},
                        "tainted": false
                    },
                    "deposed": [],
                    "provider": "provider.github"
                },
                "github_membership.org_membership": {
                    "type": "github_membership",
                    "depends_on": [],
                    "primary": {
                        "id": "alphagov:jstandring-gds",
                        "attributes": {
                            "etag": "W/\"df26a41ec925b988cec3ad86ebca765c\"",
                            "id": "alphagov:jstandring-gds",
                            "role": "member",
                            "username": "jstandring-gds"
                        },
                        "meta": {},
                        "tainted": false
                    },
                    "deposed": [],
                    "provider": "provider.github"
                },
                "github_team_membership.team_membership": {
                    "type": "github_team_membership",
                    "depends_on": [],
                    "primary": {
                        "id": "2826127:jstandring-gds",
                        "attributes": {
                            "etag": "W/\"3335a9b68bc3469ffd225013093daab3\"",
                            "id": "2826127:jstandring-gds",
                            "role": "member",
                            "team_id": "2826127",
                            "username": "jstandring-gds"
                        },
                        "meta": {},
                        "tainted": false
                    },
                    "deposed": [],
                    "provider": "provider.github"
                }
            },
            "depends_on": []
        },
        {
            "path": [
                "root",
                "user_kerrr"
            ],
            "outputs": {},
            "resources": {
                "data.github_user.user": {
                    "type": "github_user",
                    "depends_on": [],
                    "primary": {
                        "id": "1562584",
                        "attributes": {
                            "avatar_url": "https://avatars2.githubusercontent.com/u/1562584?v=4",
                            "bio": "",
                            "blog": "",
                            "company": "",
                            "email": "kerr.rainey@gmail.com",
                            "followers": "0",
                            "following": "0",
                            "gpg_keys.#": "0",
                            "gravatar_id": "",
                            "id": "1562584",
                            "location": "",
                            "login": "kerrr",
                            "name": "Kerr Rainey",
                            "public_gists": "0",
                            "public_repos": "0",
                            "site_admin": "false",
                            "ssh_keys.#": "1",
                            "ssh_keys.0": "ssh-rsa AAAAB3NzaC1yc2EAAAADAQABAAACAQClEO9KP57smJXSDiscW7iV6eZBBwDpmg4nQus7ssrUmaidhHTkDGET7Kk9wrrcHc8NIHrbk0KdCWO1AuV+oSJa85MNhRafhKPwexkxiidwbLBWq4+ZOE29lN40gtkEqG9chPcCGzAIcnXXitsihpVh9p5wfnrUC/T5bsPIu7yx1hhbNYH5AA+WNqC1U+nDwB+jyYhf4iqOA4cx9xQ/Z6K7M+HtLmUbb+8tYPXdHZOKGx6s3VC0DLkZu727QiW6B3yUxi1AuCCV4zGsVOIDC6iM16RNwv/cCfQcNdCBkBAw2ZvQtyJEkwcH8zaIvgHGdp/WaQKy/oE2wL2yEvozVgnKVqafbNfwFP/Ezal4mHyWRH8LmYMaA2lquVZudCL6/Cn/RhhpcQYTFsUzd3523HpNKu3IMetKZdwj3b8j98PLwgXApMVN04m/Fq/642ki9l9UGUVqGJxrUrVCFEJDZI+0NTU+ke77rLfHL2KIMqYAn7ogRFMMRXtgHf+khJ1MKZa8mbDgef+OWe4JahqjggIGHNWsvwWrU7Iop2SlfygXHN/CSoJtVxoZSpK35ehV9rDyxGuCsWAOdROMDzHuz2X008BW/8+kxMvHvT4kZD+Wjh/xsIKZ44pc+zP7WwE0mBuRSGSuASf3kjsV0mQnzcmjF1nnbx+pf7lx5ab8XAzREw==",
                            "username": "kerrr"
                        },
                        "meta": {},
                        "tainted": false
                    },
                    "deposed": [],
                    "provider": "provider.github"
                },
                "github_membership.org_membership": {
                    "type": "github_membership",
                    "depends_on": [],
                    "primary": {
                        "id": "alphagov:kerrr",
                        "attributes": {
                            "etag": "W/\"5d1fa630ac8fa88a0de7e288a331dc14\"",
                            "id": "alphagov:kerrr",
                            "role": "member",
                            "username": "kerrr"
                        },
                        "meta": {},
                        "tainted": false
                    },
                    "deposed": [],
                    "provider": "provider.github"
                },
                "github_team_membership.team_membership": {
                    "type": "github_team_membership",
                    "depends_on": [],
                    "primary": {
                        "id": "2826122:kerrr",
                        "attributes": {
                            "etag": "W/\"f27edb2c30363e831904b577184d671e\"",
                            "id": "2826122:kerrr",
                            "role": "member",
                            "team_id": "2826122",
                            "username": "kerrr"
                        },
                        "meta": {},
                        "tainted": false
                    },
                    "deposed": [],
                    "provider": "provider.github"
                }
            },
            "depends_on": []
        },
        {
            "path": [
                "root",
                "user_mariaslo"
            ],
            "outputs": {},
            "resources": {
                "data.github_user.user": {
                    "type": "github_user",
                    "depends_on": [],
                    "primary": {
                        "id": "33223580",
                        "attributes": {
                            "avatar_url": "https://avatars3.githubusercontent.com/u/33223580?v=4",
                            "bio": "",
                            "blog": "",
                            "company": "",
                            "email": "",
                            "followers": "0",
                            "following": "0",
                            "gpg_keys.#": "0",
                            "gravatar_id": "",
                            "id": "33223580",
                            "location": "",
                            "login": "Mariaslo",
                            "name": "",
                            "public_gists": "0",
                            "public_repos": "3",
                            "site_admin": "false",
                            "ssh_keys.#": "1",
                            "ssh_keys.0": "ssh-rsa AAAAB3NzaC1yc2EAAAADAQABAAACAQCwQ4SPq8K6hKA6NuQ/fmQHbIPZzABJRapcSA2PDtAUOu6DpmwlCgM0yJhVi80pYNU+/ZtwHFuzPZ0est/2hZDYlTng7PNO3BOmLj4iLbJFaXMaSPBkZGMfP0aFqJ/wqw5JJtwCRdm3pBw0FfyrFgAETIBDSGphcJ6F7W3bAKTre7TY4vU37hFJm4jcnk9LBUXS3rS0IhDgri7weuKvcsfWT5f10/4JXwH9bwnvldwUmdmwGgOcgZrFr4rmLa/R2AAhzAbhCCH4YfQbw62lurKwIuufnq7KpDqoblpbDrf5uT0gzAkOv+Ck7BEO+pMoXhdmPgzIF8/5JwSNaYOtcLSXKhjoOmeSoRNmPaiCtjTjyjFd1LNR1+vTmx7LWExAlgp9mCkKymd4dy2cN4kU5Q9yIVVgNZfkwXGNT7D0dcw1rfb05A7ubUcv0bM73Oxu/b8PszMKx07Y175eEoPlcx1KYfwSrfQE/4E9cjj4aUaj/4nkfQRad6mExNqLaC4aPWj2CMO3HPkLhdeGIgmXAIH7sY/wl0kEVL+brKNeBfxlozuzfqJh4r5VQhw4dZTzXMIjgBKIbdbQBCJbls2LZtaCbZPbHVjyr7Y24Ke6nzvNSF5MkQcBaiPhX4AKwaHSp+p2lRTLzvp9ezncIeNWAGxWfAg3DGObcHhWKDBjuSHqWQ==",
                            "username": "Mariaslo"
                        },
                        "meta": {},
                        "tainted": false
                    },
                    "deposed": [],
                    "provider": "provider.github"
                },
                "github_membership.org_membership": {
                    "type": "github_membership",
                    "depends_on": [],
                    "primary": {
                        "id": "alphagov:Mariaslo",
                        "attributes": {
                            "etag": "W/\"da4b38d6aa5858be5fc5b856658efc99\"",
                            "id": "alphagov:Mariaslo",
                            "role": "member",
                            "username": "Mariaslo"
                        },
                        "meta": {},
                        "tainted": false
                    },
                    "deposed": [],
                    "provider": "provider.github"
                },
                "github_team_membership.team_membership": {
                    "type": "github_team_membership",
                    "depends_on": [],
                    "primary": {
                        "id": "2826122:Mariaslo",
                        "attributes": {
                            "etag": "W/\"0f53134a18d7b222f92e6d391fc29908\"",
                            "id": "2826122:Mariaslo",
                            "role": "member",
                            "team_id": "2826122",
                            "username": "Mariaslo"
                        },
                        "meta": {},
                        "tainted": false
                    },
                    "deposed": [],
                    "provider": "provider.github"
                }
            },
            "depends_on": []
        },
        {
            "path": [
                "root",
                "user_matthewcullum_gds"
            ],
            "outputs": {},
            "resources": {
                "data.github_user.user": {
                    "type": "github_user",
                    "depends_on": [],
                    "primary": {
                        "id": "37868172",
                        "attributes": {
                            "avatar_url": "https://avatars0.githubusercontent.com/u/37868172?v=4",
                            "bio": "",
                            "blog": "",
                            "company": "",
                            "email": "",
                            "followers": "0",
                            "following": "0",
                            "gpg_keys.#": "1",
                            "gpg_keys.0": "xsFNBFsCgjQBEACcGLIHHMkBL5qD9LXfCM49exJ2F1y7qbxbQyGOO1vh4T/S0pSEnq+mSgRfN/Noj8zAteHxm00qAiilQOr5JGyIsf5z10gZDtA8BdSdkJIDI6FjVeHc35UDQI2sfgh/aUZUJe2a4Xfji/4hv6FnpVrTuRYLWpQ4H1m2QvdM3KN2YzJ3+130aMtxSmVutXHll5VsOaErUcEcXsYaTtHsBvas+RcEbi7OmPAc2DAUo2GrCGz6Ml2faF7SO+eJYGSxqRBkLLcl8eVPNow22EHb0zc8ZCxgLE2VmFx6JSnMnYbrqr4Nd3dTHLh1BP/jCekUSSzj1713PNrGgBql4nTC3zBAMMTqLpRfCr0J5uqpZ8n9ck0yTRPPXdcFpjImOqoKSyQVI00kQUdJvGx81QOhovkoSY8LF1DgfzGcBlPhkP1R5jOtLXPWd+CkgcRuyfGK/tHWizPewepyfVI1zo2ImMAIucxQ2ByRq6HJi/ABexsj9WkR5YIQ1+rGvYx0vOgVTgfZeNtc6IR5GQJnTph1N0gt91KDby1YPIEN7DJmTlOS3CsBaiU3aMZKy+VR9smiqYCIS9nRD61H20Ot3Ca8SluYbRs3LnXDx09wEMAbxAPRILwIL4KH/NLxsuGXGsXuGEpHXdqw3uBRpCmQwG09jhvr1iOfqYZ7GhXj0TTBROvOYQARAQAB",
                            "gravatar_id": "",
                            "id": "37868172",
                            "location": "",
                            "login": "matthewcullum-gds",
                            "name": "",
                            "public_gists": "0",
                            "public_repos": "1",
                            "site_admin": "false",
                            "ssh_keys.#": "2",
                            "ssh_keys.0": "ssh-rsa AAAAB3NzaC1yc2EAAAADAQABAAABAQC3M+ZIo+u/zVY0ahYNYTiUo5PX+IB+2fSKXMSH/n8ujbejHsjZ6zEDDRsAv24znP3D7wAgLdvNwWAp1we4KPMjav+VRwcxiPUrJ5B2yPuVT8tLXRABklEC3ibh8KHyU0S+AiQTiGqBmBTuy3rr4OvysHe2dDjrQYhxFNCRQsH5nHmItGwojZrxoETIbNkVachg/XAgP5UP1ycTGvTX5I4cUziZsxvIDtTGG/Htui0KXtaVOAv06mqzXhXCSX2SU5XaoQX4qd4hIr3HcZNMC9kZ0YCqz3EBkzg5Tyygsw5eTKzZg2uLCpF5IToWPJ0WXd+ws7aJDx1FmCcMpRIwOKX5",
                            "ssh_keys.1": "ssh-rsa AAAAB3NzaC1yc2EAAAADAQABAAACAQC27LQa2xhYlAy9a7hnvB3Fa5i8aYV3YoKuhQehuRaLhsA2DLT5dpC1xpAXMVnRuPkgrkgauG+bi5plkuvtiM112a142EOWETot+VHWJthbATw+oWc354amYzrEb3BnW1mbO60ZivoRZ7Gx6vwKv33SQoMa+vCWZ6iXOMs7o4bgWJjQtvb3vdasUzePBgL0cQvp6YBpG11TJlgsq1IIs7K6VeOMTtk8TEA0f/RhyG/xIHaRtT6RIvWICgdkttHQavJds25plLHlXGRF1YYyHGospgRdSgqhhBVRqKYY7kfILSqfR7IjUh9mh44V2P7d1WdRSW1f36YgKn3kLiGWI4DQs9ZnDI78FEUGf7ZwbHPeeKpxHj6ndM1Njl7HJU7+LJ+kL6eI1FVfH2FTB1uACRd4t+4VV+D5ypSa1KE1s/TtqCGoLymw5DBIVgRvzqiLnUcbJTSpP3MCp2dPBfyx3bJw9YzR4y/YCYFEWA9u5v1U8LJK8fO+tk6rgvFtLtlehXMEYzTOXLZGkcudnt7tIhxlSWPmHhDkQdYuni5xLChb3Ee/x6JQTeLIPYTiES2sH5FeAzkckecqONlEJMqh/3vJHLGai+NmFklkG84Ifz5d3OCQ9kvHd7ywxGq0B4wSgWbPmYa6iCsYdY9DhAZ5jurUkVkU3I8uGhdY0nfLd64S+w==",
                            "username": "matthewcullum-gds"
                        },
                        "meta": {},
                        "tainted": false
                    },
                    "deposed": [],
                    "provider": "provider.github"
                },
                "github_membership.org_membership": {
                    "type": "github_membership",
                    "depends_on": [],
                    "primary": {
                        "id": "alphagov:matthewcullum-gds",
                        "attributes": {
                            "etag": "W/\"3078f247c2f19d6b1e14f7c00a934bc3\"",
                            "id": "alphagov:matthewcullum-gds",
                            "role": "member",
                            "username": "matthewcullum-gds"
                        },
                        "meta": {},
                        "tainted": false
                    },
                    "deposed": [],
                    "provider": "provider.github"
                },
                "github_team_membership.team_membership": {
                    "type": "github_team_membership",
                    "depends_on": [],
                    "primary": {
                        "id": "2826127:matthewcullum-gds",
                        "attributes": {
                            "etag": "W/\"6fafb6b7da89238dfdd8a8777aac1322\"",
                            "id": "2826127:matthewcullum-gds",
                            "role": "member",
                            "team_id": "2826127",
                            "username": "matthewcullum-gds"
                        },
                        "meta": {},
                        "tainted": false
                    },
                    "deposed": [],
                    "provider": "provider.github"
                }
            },
            "depends_on": []
        },
        {
            "path": [
                "root",
                "user_mhussein_gds"
            ],
            "outputs": {},
            "resources": {
                "data.github_user.user": {
                    "type": "github_user",
                    "depends_on": [],
                    "primary": {
                        "id": "19909719",
                        "attributes": {
                            "avatar_url": "https://avatars1.githubusercontent.com/u/19909719?v=4",
                            "bio": "",
                            "blog": "",
                            "company": "",
                            "email": "",
                            "followers": "0",
                            "following": "0",
                            "gpg_keys.#": "0",
                            "gravatar_id": "",
                            "id": "19909719",
                            "location": "",
                            "login": "mhussein-gds",
                            "name": "",
                            "public_gists": "0",
                            "public_repos": "0",
                            "site_admin": "false",
                            "ssh_keys.#": "2",
                            "ssh_keys.0": "ssh-rsa AAAAB3NzaC1yc2EAAAADAQABAAACAQC7CL5V1uvQffPpEFARkrAPjq6NRENoGSuHnXs36SnG+D1ep7wEAGiv9q99E0iHMrCiq0F9Oue9SwtOOKqfznwASk3Q+UrFaYtLD9SF1a/Kd02F7zeugRNMwYMpRzWsbUe7r5YhKhv4SNVotuEsQQoStVqqy/MeR0otr4psgpHMY7Ev/frUcJYI9SH7u/iYs2CnhJYfHY0y9eTenQeAlx70HJSR3hPCthr1FYbsBS0GzI8fU2G4OkdEt8TCVBqO6xAAQvey9pBBZrVJM8REti2XmlxHRo0/s5p3BdqKBs0xwD1E5fzNCHI8z2OmeQIfzJxvmPAmoTuB5DfhUvmt9oRKjOHn68i4FvbyrNeuD1ql6yjnxkIEqIOA2KZLYRtWfJNd7OmdzjYAPPD/q0YnUtTtxA0rkS5TUh3qVOUVof598kDqUaXEIPy1qtB5vercB8XDBSW88G9pC9lH4N3mtodQyz7hDRqWWvHH4J+ggrG8ZVQzgrSE+fsK6SA1iEPxlaxil34jF+CaLQ0aKiPzG/1qVfRyQovJyQYBdboMq4se254dRffimbV5gsTlcBSgu+gEek8x12AqtnHyRgzpfejvi4yKVlUG71QorGVM3WXRk0I+DV9jt9fZg74rm0alMkxdRNytFfqTA13BQxqdoOiPnSUtnnIarPtjArdSFE5Lpw==",
                            "ssh_keys.1": "ssh-rsa AAAAB3NzaC1yc2EAAAADAQABAAABAQC7RhCX0t0qHismwBxQscgZcEc+rujRrXQ94x7Y/aMkS2DL7Tcd2vpJwkLDhl7RWRMlqfZqXtiYGKMhmHBQq41oDzaHTQB4Uv7WUMvh9NaTuf/x6bsmCJFmdSzexd1GFLjRHGBBcSCl4y+j8U575Db907IK0WsYXziiCHI2OvUUf56FcU830DTnOGjMSRMqayz9zT/1VygEE0mOu7VfwEfgCntbAjObG5liZBkpy03y5/n2TpsMAMIwVoYwyElgmu/LDF+LGsY9JcpUrt5LXxRSQZLfLGpFTW1eZLldzEUp7RXxKTjv3TMyCoXLhjDseKvD3quVVlT54uNlXup5R1nH",
                            "username": "mhussein-gds"
                        },
                        "meta": {},
                        "tainted": false
                    },
                    "deposed": [],
                    "provider": "provider.github"
                },
                "github_membership.org_membership": {
                    "type": "github_membership",
                    "depends_on": [],
                    "primary": {
                        "id": "alphagov:mhussein-gds",
                        "attributes": {
                            "etag": "W/\"aca7e5a2d9bc6d21a2c3725f25d91229\"",
                            "id": "alphagov:mhussein-gds",
                            "role": "member",
                            "username": "mhussein-gds"
                        },
                        "meta": {},
                        "tainted": false
                    },
                    "deposed": [],
                    "provider": "provider.github"
                },
                "github_team_membership.team_membership": {
                    "type": "github_team_membership",
                    "depends_on": [],
                    "primary": {
                        "id": "2826122:mhussein-gds",
                        "attributes": {
                            "etag": "W/\"1814c33017ca91b3d6c74bd0e24a0a82\"",
                            "id": "2826122:mhussein-gds",
                            "role": "member",
                            "team_id": "2826122",
                            "username": "mhussein-gds"
                        },
                        "meta": {},
                        "tainted": false
                    },
                    "deposed": [],
                    "provider": "provider.github"
                }
            },
            "depends_on": []
        },
        {
            "path": [
                "root",
                "user_mikieet"
            ],
            "outputs": {},
            "resources": {
                "data.github_user.user": {
                    "type": "github_user",
                    "depends_on": [],
                    "primary": {
                        "id": "5113818",
                        "attributes": {
                            "avatar_url": "https://avatars0.githubusercontent.com/u/5113818?v=4",
                            "bio": "",
                            "blog": "",
                            "company": "",
                            "email": "",
                            "followers": "0",
                            "following": "0",
                            "gpg_keys.#": "0",
                            "gravatar_id": "",
                            "id": "5113818",
                            "location": "",
                            "login": "mikieet",
                            "name": "Michael Thomas",
                            "public_gists": "0",
                            "public_repos": "21",
                            "site_admin": "false",
                            "ssh_keys.#": "1",
                            "ssh_keys.0": "ssh-rsa AAAAB3NzaC1yc2EAAAADAQABAAACAQDVHjywHqozX6offnI4QDcB9xvCka90xKMltuabMAdlqTlAO4YsnvDG/58/5W9J03/GE256PjdvtSwUObKqtvlw814tk9e5G3QJgH+Al8ZP+rN5yBGguUXgNLPZtK2RcPoPBOYyO///ph7ID2kt3GCK92EiFOBGRGPB5KuiXBomvlJARf64kxkIH8kJVXjknCGQo54IOL9e4rXmlKZuGQ6+tCnUBnp9IFzkxPgo50Qv/wmLbhAh6n3CsKO4uugyuIiYIrrjlqSREp9KBZs3AAB6P0FD3Ee4avc8SKANNNBmDJ82v9cn6KMBXHZDz0qdskXUZmbN9f3VyY7XpqK0No0rSbv5ovLpBMTzFVXyMAQJxoEZ3oMrHbHwc+2nz/5CR756qvwq4qbD6cNbpbRgNWYGS0hOUC+AXgfdrVoqM8zxV1Ax2oyuC28C7+AP/ox1W9eDl2QPS3IarqDmPJiWutjD5x3LoI4F8M2HCPIAHpPjmNBnabeUMPJqY9h/4dYG7za7u1axyJhLVkbRDCNffTQrv0SPqBL4xDfT1j5ZC00gGvRZhBf32oA7O+RbYMsIrdCGzt5HfVqjLs4QpRkRwQuDIrweEsznAUgVrTsf0WbFIsCqR4kuPgz9o29PmGG+9GjZRDV3G8fe8zsAWpxcPdsZeKiZh40ansvGxNv/7CZYWw==",
                            "username": "mikieet"
                        },
                        "meta": {},
                        "tainted": false
                    },
                    "deposed": [],
                    "provider": "provider.github"
                },
                "github_membership.org_membership": {
                    "type": "github_membership",
                    "depends_on": [],
                    "primary": {
                        "id": "alphagov:mikieet",
                        "attributes": {
                            "etag": "W/\"71f80138702d26ee975a9d630448bc59\"",
                            "id": "alphagov:mikieet",
                            "role": "member",
                            "username": "mikieet"
                        },
                        "meta": {},
                        "tainted": false
                    },
                    "deposed": [],
                    "provider": "provider.github"
                },
                "github_team_membership.team_membership": {
                    "type": "github_team_membership",
                    "depends_on": [],
                    "primary": {
                        "id": "2826122:mikieet",
                        "attributes": {
                            "etag": "W/\"0660ef8dddb14e232aa547a45d05bd70\"",
                            "id": "2826122:mikieet",
                            "role": "member",
                            "team_id": "2826122",
                            "username": "mikieet"
                        },
                        "meta": {},
                        "tainted": false
                    },
                    "deposed": [],
                    "provider": "provider.github"
                }
            },
            "depends_on": []
        },
        {
            "path": [
                "root",
                "user_mmhmm"
            ],
            "outputs": {},
            "resources": {
                "data.github_user.user": {
                    "type": "github_user",
                    "depends_on": [],
                    "primary": {
                        "id": "961422",
                        "attributes": {
                            "avatar_url": "https://avatars1.githubusercontent.com/u/961422?v=4",
                            "bio": "",
                            "blog": "",
                            "company": "",
                            "email": "",
                            "followers": "6",
                            "following": "1",
                            "gpg_keys.#": "1",
                            "gpg_keys.0": "xsFNBFfqanMBEADh1uY0x0l+HzeyPr2y43gNUsvf1uU28vYu702+V7+JeyAnU+vBkEFHxzB5K43IP1FDrCAQdG2Y3ELoJ4ZFohppFl3fDgg5TBMx6MNQi8OzXfyNEb8yn/FkLXCZbhTOOKV0kfGa7/fHYDkNzgMAuWG8oV4sEdYlBv6zqvOMLSz3Wsx3/HRiLs8ukrrIPDcjD0y3axCepaecg6PARsJwzzVeyUTSZbGTKom8XuMiqbnpG3JR4tsvE+pQgrLYScu1AI/P49biOceldvfVaHXFYsq6gKsUTAcNqYtZ5R5BxDtl518Oiio0R3FLmZLys1dYU89nBJitMTMd3mjipHlB0KDg2c0O/BUBZmM/GBW37SdOfo3OgpUMCEci6TSK/muUgZFGznNhcbuJo1wg9VYTGyLGTpI2O9+tTBT39wJLFSxNugMAvNU6Y2xQIzqIRTm79l+GyXSt9XKGWHk8Wd1UOEhGImwSD/9bEc/jC0BbPnGbF41X+Vg4ydRDJ4CSEFpMgvaAj2qpMU7JGDv2le1YZBythGVn3NJYcGTe0G6vtOx6Qn85qP4yN2YRXwDFu67cxleJOBc2sx57Iln/FAS9tbVUf/ck+aATklWlm7WJdEMDZBDat50wm6vUupg2XplJb1qsnMOM5e6ZHLCPY4iCGeQsXdJma3Aw9r05QeHqkxbJIwARAQAB",
                            "gravatar_id": "",
                            "id": "961422",
                            "location": "",
                            "login": "mmhmm",
                            "name": "",
                            "public_gists": "1",
                            "public_repos": "5",
                            "site_admin": "false",
                            "ssh_keys.#": "1",
                            "ssh_keys.0": "ssh-rsa AAAAB3NzaC1yc2EAAAADAQABAAACAQDozlcEWGrHNLgSzpAs6AAQBHMm8Bpr5NaxFWbQylrDJ+QWBRrWCOhic1mEuhDEC/m40EkbOU36FYqXBNE/F7U96XUvRpTLChgaRlukXFw9V0XT087EDVSPguOzauXFkK+JDsCup4A6kfFnoZM2HXdsIyz/BVOQaiHSYj+o5xAMYn+iSDWi3wN4JirbGNwFAWmm5NyJ2xXs3+Xw0lzNeU412ASB+FhXZ/n9knqWznrloViBGNAvJyGsAOJLGLMfPCUN1wT0HyBMYrFa9E8VvNmezJULJPQKieqjbsW8PpIjfsgvus7LgP25ZY+KaLDOQsoCgEMMebKJjJwYW0EZs7LDt+vPkCv8Hg2050Ni3I/+FAOpg+X6G9+RErqb4RDCPxWRp60RXE5Jp6xiq1Z39KzoOUCczCSyScuUxATpv3d0aOOMUvLz/jjkLZrDYTENtcbba5X+3Gcxdq9kFRdsxzt5v2xUFwKySqm98qPD4YdJybv6j3un9qIgzyOBmjtxFRc1bleA1+RV4mlvt2xWni/a6tPwWCXT6/QgWbJ9mY8iHNLgGzC5WmfqtKb5nfd6UDGauIuDx0lwcXaM7Rbq6B4AlEx+m3P2Vv2xaM4E0wCIBiq1A3BCHRQ4ATdTLTGEUDhRJ1vP8L6pTzE1BpyscOf4J1+p+wiQ8xQdhDAFT5K6aw==",
                            "username": "mmhmm"
                        },
                        "meta": {},
                        "tainted": false
                    },
                    "deposed": [],
                    "provider": "provider.github"
                },
                "github_membership.org_membership": {
                    "type": "github_membership",
                    "depends_on": [],
                    "primary": {
                        "id": "alphagov:mmhmm",
                        "attributes": {
                            "etag": "W/\"243e5e04ac31b77ca4c29b85ab086aa0\"",
                            "id": "alphagov:mmhmm",
                            "role": "member",
                            "username": "mmhmm"
                        },
                        "meta": {},
                        "tainted": false
                    },
                    "deposed": [],
                    "provider": "provider.github"
                },
                "github_team_membership.team_membership": {
                    "type": "github_team_membership",
                    "depends_on": [],
                    "primary": {
                        "id": "2826127:mmhmm",
                        "attributes": {
                            "etag": "W/\"de422ae3862e4516225bac927fdf8321\"",
                            "id": "2826127:mmhmm",
                            "role": "member",
                            "team_id": "2826127",
                            "username": "mmhmm"
                        },
                        "meta": {},
                        "tainted": false
                    },
                    "deposed": [],
                    "provider": "provider.github"
                }
            },
            "depends_on": []
        },
        {
            "path": [
                "root",
                "user_nacnudus"
            ],
            "outputs": {},
            "resources": {
                "data.github_user.user": {
                    "type": "github_user",
                    "depends_on": [],
                    "primary": {
                        "id": "3522552",
                        "attributes": {
                            "avatar_url": "https://avatars1.githubusercontent.com/u/3522552?v=4",
                            "bio": "",
                            "blog": "https://www.linkedin.com/in/duncangarmonsway/",
                            "company": "Government Data Service @openregister",
                            "email": "nacnudus@gmail.com",
                            "followers": "39",
                            "following": "3",
                            "gpg_keys.#": "1",
                            "gpg_keys.0": "xsBNBFoyrZkBCACYWhz2kIN0EREUXz2raUyKtV1FXZrqGW7C8uBbm9W7GNM33Lh4vB1Xl9bGTfc8BFLdVzHJJfO2Q+rm0XU20TWb6Fc9WC/3LpConhq93kyFqOqY+NjG4R4qasBpGp+ZWq8incfUxs2VCyJWsOBreVeKRepNBnG9nMiBdFjIrTMhHfYWeOqcM0SoqIm4aycgk9Iqd3OwSLB/VQbqnaKVAle/VxDKYUuLjk89cuPlj2BIMlOGGGeMrCjRZL7uLxxzwEfgtu4nmiua8GYnpWo8H8PDUXtzXQ/wae5AdnOSrZkN8rgw/X+RdvQabz4dw2NZOni5qqex4n9rxThw5kR7ZcvRABEBAAE=",
                            "gravatar_id": "",
                            "id": "3522552",
                            "location": "London",
                            "login": "nacnudus",
                            "name": "Duncan Garmonsway",
                            "public_gists": "13",
                            "public_repos": "76",
                            "site_admin": "false",
                            "ssh_keys.#": "4",
                            "ssh_keys.0": "ssh-rsa AAAAB3NzaC1yc2EAAAADAQABAAACAQDPCBD1lMckF5EmWevpN3/5+LtLnqjLhK4Bjisv8U10H2BlqVBPCu0lYwmFiLua4qg/GoZjgfatSvItW0RthVOPKE6lCsJ0TwoaNlL5xnDvU/oXhV+As3t65hKl2GqvY6+4G62Al81P/0BNkPmpVHlvn8+90MQQgDOjZn8MsxI7lQkdj3MIrjuCgDE8tPHVuB4TIFflKL+hfMXfpM9TNJARU4T+edSCuFylPgopcV/NocSISamN03jyieye5C1i+bNYtew+Ca5epWExrE3a2mzEdmLqWA6/4AIeAVcWzitVFYfCU9QdQNzh3gCpOkCQV6EqD6iq3CspLZ2Y71UTyTuDMRCaKjqrTzZGoVraKF2GAfaXTl98EbGDtgaJZVjRwwdZd2bSd0BIiuEZdj0xejPVuVvxceXARqTCtLMbe5cdQwygkK3z1q6ATwhubvM4Dcrys2AVVKuIOYTj/wKJdpGTsHxfaVvRx+rw4/lvO9+Nk/a09GINVZany2w7O22HlyRGeuyMTSzf8dn2rmVL0nzCaIwVlMqxOIOskLb8JzaxLJWVOq6WYwHgCOdibMkaRbu+6ABLUVqDItIW1mMT1moDOKBD7btLiY06RoHn/HEV+tZodRN0A+yBUnVTgubKmyyAPE1TlyNPksR7QKpwWzl6RUpwL4nKMBklsBBtDHljYw==",
                            "ssh_keys.1": "ssh-rsa AAAAB3NzaC1yc2EAAAADAQABAAACAQDB7TLCiAFVgL6dR4jHWdgfHaFJBLVX3X33lRIdP1btbaOiVmf8qKWWGWo8jC2hjkH+CIQJgSOusIPmM7xp0yYkWRl/NvLq4xxu4IIIcl5wrqennL7mS5KeURpVaz1mZ3oV1wjtWLGzNxqxQEc21dicbTlDIepondxi5pQmkHzmzTKrjtNiFDfVYKDNuYB6Leiy/n1UdQfAhTDJSksL/y5pCzsIww5RtYmrX1DVDjvNqnG0hxlU1xhn8IeySpLisFVZCJ7/vPddlOkbvYRvgGPOqyp69epRkmYX7f/zS9YQqSQSXYpDIoiXs34REKNuOmniHG/KHzVh1T5U1OcQcxc9FzjlOIaaLr3cV54K1fMLTJy1DYEBUGM7BJo5n77BzfLzVd039xrvwnZX0wp94APpCMIwkKaM+XqsiQgeVFz3q8qETQOb571NXv2/TodITno5dEJMxb9vjxdZRaQ84hzDVxtXVrmmYMpQS+h0Qkp3ovdDSiWbbNv65Mo8x8TKaY5oYAtb/oA7iOSxYzAXzpXKfn8smUUcrAhsc96GdIuB6SeUcI2QA9JIOS5zCn1sXHvfDZQJK/IHjTxuwuGAZabOzonSQPjNMRXDdVSsfxnpBHwS+ekB+064I2AQ9Aaj8RfamC3kfsJRbeTq85+XlFpAU9nJh3w+pUzmXb/Gday3Yw==",
                            "ssh_keys.2": "ssh-rsa AAAAB3NzaC1yc2EAAAADAQABAAABAQDB0PlsuliBlJW9gvLLooPfo4ITRiDd3apUNjTPYp3kxT68nxigpOW3qgrvA+oXtMDvZsTO++12IbXYoAg8TkX2treolcVY7Rx4UMQ+eVdvgIWZDYvcFcqdgQfiZhuuz8S2nf+ebjtSGANfPQmkzUy1q0ygT6fSKNHWViytWX2zO9ecbk+elWS931TbfJSQrh848W/elDp1DT8WJy9c3Q/iGJXS0J0TVGjRpauX6eiAhuXa+6N9PxzGKk7iTIuauZFGZsH5OgOxKGplWE8TtuY5Wlg6qfLLQ6OdgNcCzjN0EvGb8rLovkdEft05f7SpIJ7rkPotOcYVC12eKGRkjL5/",
                            "ssh_keys.3": "ssh-rsa AAAAB3NzaC1yc2EAAAADAQABAAACAQCzaJxDHHev+fRvvWAt5kg7bOXYFDmyXVEVJyjkAfykv5li1u/3CvNlwoK9iEgeTyhj593jeRJQRSdveOdIcMXwR8i0328eUOX3vAsl6dDjr9pdFdx09JvLUNqdY/8mLl9CQCXUrkj9RyfZAx3+OVfsCXWZlydhC7OYPvZkDW9z7XMMM2EXlOKfHRQlRmDj2KO+R+96VtN+mPXwzYbJYZvvvTw6bXgbGo3NTQfz7RuXiZMmXGgGboT0etlkdRS49Jz8nEVTWX8DRYpiFyfxXFxYElTeDc28EaOdy/8Ryu5aMMfOJsxdD7KwTSi4k/hbWbKhLi1XIVqcEcASgB3m+VbTflhYeqGUlykKhIOuE3YgnpCuwR5nzX99taWE8x9PEG+wb2N3gVf+jjjcKVvq4TFNZ0crArpvxs0tjCpNhT3EQs+RYNeL8RRjFty6gps6xGFnENRUsENNrTwyA8mJKWzO2LFzvLjASEjoXB6xRbl2nwgfwDDfsizZwaJaVvGAHM8klbegM9cjSFBoCxvxcZguft/gi4Q5cswY5zaOIFgxUsY93l0FFcF+vV03iQTNwzGntK74HaWNmblC7b6VPAlxzzeFljdsmT+RbWvfroo93IcwwvjkPbOR7e5ieBEOGD/mbh6bT/nTv1qhyp31GxHUUb49SnUCl6mT5skkCWQYZw==",
                            "username": "nacnudus"
                        },
                        "meta": {},
                        "tainted": false
                    },
                    "deposed": [],
                    "provider": "provider.github"
                },
                "github_membership.org_membership": {
                    "type": "github_membership",
                    "depends_on": [],
                    "primary": {
                        "id": "alphagov:nacnudus",
                        "attributes": {
                            "etag": "W/\"9b06dbbb8a92b3b75f852101d8abae73\"",
                            "id": "alphagov:nacnudus",
                            "role": "member",
                            "username": "nacnudus"
                        },
                        "meta": {},
                        "tainted": false
                    },
                    "deposed": [],
                    "provider": "provider.github"
                },
                "github_team_membership.team_membership": {
                    "type": "github_team_membership",
                    "depends_on": [],
                    "primary": {
                        "id": "2826122:nacnudus",
                        "attributes": {
                            "etag": "W/\"8b2a6f23b49520276d947c7276af94fb\"",
                            "id": "2826122:nacnudus",
                            "role": "member",
                            "team_id": "2826122",
                            "username": "nacnudus"
                        },
                        "meta": {},
                        "tainted": false
                    },
                    "deposed": [],
                    "provider": "provider.github"
                }
            },
            "depends_on": []
        },
        {
            "path": [
                "root",
                "user_parthagds"
            ],
            "outputs": {},
            "resources": {
                "data.github_user.user": {
                    "type": "github_user",
                    "depends_on": [],
                    "primary": {
                        "id": "45602210",
                        "attributes": {
                            "avatar_url": "https://avatars3.githubusercontent.com/u/45602210?v=4",
                            "bio": "",
                            "blog": "",
                            "company": "",
                            "email": "",
                            "followers": "0",
                            "following": "0",
                            "gpg_keys.#": "0",
                            "gravatar_id": "",
                            "id": "45602210",
                            "location": "",
                            "login": "parthagds",
                            "name": "",
                            "public_gists": "0",
                            "public_repos": "0",
                            "site_admin": "false",
                            "ssh_keys.#": "1",
                            "ssh_keys.0": "ssh-rsa AAAAB3NzaC1yc2EAAAADAQABAAABAQDZurYo9Z4M9vdXTidjbyPIr8eNNWygI+G+XvrurU8Czxuf7Z/Qmtl4NCRmw052oG5ODLj+kNUAowSNjaSP2n1GKPuUK9huzzlxykoI+pZEHQ7PE3VX9lKcioQizl9HMeHoLnCg42pZR4rsLmYQrv9ADwGwzhgTxIY95l0b+q4s50eoGCQ8reV/KpbrIMzW273tFOtByj14KMpDv2OUVLKmp/427qq4Zntgz+IjkkbLwIShs0hrxZgVsXANZJ7/kGpLAvJHSBhC+qh1At8sqLsQ3nqXb39gtisPCZG1/lpsqScnA0Kyjkm3H47B+Z5C9G3gsQ930tswXj3dYIxkOc5z",
                            "username": "parthagds"
                        },
                        "meta": {},
                        "tainted": false
                    },
                    "deposed": [],
                    "provider": "provider.github"
                },
                "github_membership.org_membership": {
                    "type": "github_membership",
                    "depends_on": [],
                    "primary": {
                        "id": "alphagov:parthagds",
                        "attributes": {
                            "etag": "W/\"f12dfa510ad8b0ece2aae93594a29e6e\"",
                            "id": "alphagov:parthagds",
                            "role": "member",
                            "username": "parthagds"
                        },
                        "meta": {},
                        "tainted": false
                    },
                    "deposed": [],
                    "provider": "provider.github"
                },
                "github_team_membership.team_membership": {
                    "type": "github_team_membership",
                    "depends_on": [],
                    "primary": {
                        "id": "2826122:parthagds",
                        "attributes": {
                            "etag": "W/\"e19b986d88f73209f8cf6fb4a1c60d6e\"",
                            "id": "2826122:parthagds",
                            "role": "member",
                            "team_id": "2826122",
                            "username": "parthagds"
                        },
                        "meta": {},
                        "tainted": false
                    },
                    "deposed": [],
                    "provider": "provider.github"
                }
            },
            "depends_on": []
        },
        {
            "path": [
                "root",
                "user_phantas"
            ],
            "outputs": {},
            "resources": {
                "data.github_user.user": {
                    "type": "github_user",
                    "depends_on": [],
                    "primary": {
                        "id": "464306",
                        "attributes": {
                            "avatar_url": "https://avatars0.githubusercontent.com/u/464306?v=4",
                            "bio": "",
                            "blog": "",
                            "company": "",
                            "email": "",
                            "followers": "2",
                            "following": "0",
                            "gpg_keys.#": "1",
                            "gpg_keys.0": "xsFNBFs80egBEADkc035ZIqxUadlITmvB15CxfTr2bDuRjGe8KLtuTv3x5cD5uvg2wglbmoUBrXNQEo8BCghHVfOCAu5M3EVIH3DSN821CplUbNVSOGOuxpv4TigzR9y1Ge3H2ZNcrmV4BvlFsNACXRQkSRfqOoBsDRkaI9bBfd+2D/b995lAhP+lE3JSMCTk+ckZGfLOTE+YKV5eAI90TU1qOe0vI2cd8MYeSDYYnbgC4ci662KoN7KjPiVioMzta99TYp61fqVZwnb3Fya3EhSsGCcs224FyL41wWfB4fjLgcy/13fYUyBWFqUZtgt8ek3y3C7m9uEhzZSA7biJTAQHTWgHDJvgVv2uZfDD4scBATHMEeTrjLlx6St1EjKMQmx+qe/9YEsDJq2rOGtHXsxapoBcWQ7aACYVofGCOl3TLbyyPgw00Hbnub4LixvBECQTwBHtR/sVRPE5aeXUEGchPuU7JUcIK+eckUNggIvJ0n6cam1HH18JIUtf10S7PfMHZ68kr0Or98DsIavLHoSdIQGyjAo7KSefbZB4RkW2vc3VnQo0Dr6/V5giIzU/+3bvye57Wf/+y3GiMhLgiCI6VLyJ9Vj2nXR3/klYwEmWOy0DnP5Hdm3ocAOM2WSmZwaoFoI4SowOeQbloETlkLd9PIxlc/WL56ygTZwui1WM1ROqBUYzO03bwARAQAB",
                            "gravatar_id": "",
                            "id": "464306",
                            "location": "",
                            "login": "phantas",
                            "name": "Paula Valenca",
                            "public_gists": "0",
                            "public_repos": "1",
                            "site_admin": "false",
                            "ssh_keys.#": "2",
                            "ssh_keys.0": "ssh-rsa AAAAB3NzaC1yc2EAAAADAQABAAACAQC2UqpVmispqNdeXgD1pQPAh5i5t/gj593j2QLbz6KF6/KoZewbrlae47Y6Il8SyuRQwI4yRsYRYvO2bMMpkNRwfdEkuLFvxNCYSoiRxnRJO1jS1DWUHXezLJeegAdu4RxvEiVjvpCrfzQfIRl3I/92TmfELZhffMrzadoPU4FPnk9FNETUK4aXzi1SLFe/wMdMONZIa6stfOu3TParsQnc5BgmzZSAN2424KvfkC8EIXdkqirFvHhTRF+HBgs7+lus8oe3vpOxlsHNh5ka+KMIu7iWzFNjxc0BhQKNjBxWGqQAjz8+h9rBaNtUsZJfjUql80VPRK0okReF+PgqFJKY4z1YY3+2GGWP3ua6ZL7/h5KMbHY4QGeSp8DXFztYXA4UmktO5Xx01A5kqtmwNf2TdEKzkwE2vW089S6PBK9bSBa0062+3isv32ZWfDhTixgc5fJCULvJVdHD4jeDIYS9aW8tONH7oXIv7DK951WSbT4xInJVexDh9uqYhW3fcLn9B4u5dV3y6zqEaMtgCOaSQ8UwcovESKwWZT3rbBjTdnkIM1pUdtt4wqPp0QE2eE3VDOadx3P8DNnMwXAkzlVWo0QR5iQEd968sJhrh9F4maTLrYP1tPGWoAjJTIr0ZC5oDhEQU37IYQb7luUSA/5Sg4JmCaYvpeSCJsznQJc4qw==",
                            "ssh_keys.1": "ssh-rsa AAAAB3NzaC1yc2EAAAADAQABAAABAQCkDcLgRcY9Q5/BfYAUZwvEJFz2VdF3EXW3DtvhL09L3wpJmJAdBN20ULsyz6SsR8+K8i7EdAF4ityMmYhwFppsSgxOAH7zBVGbufdkARFs4yTtj0cKKViPCMiYukCtYlJ689sGGQVn33fyVkWAVnf9CihI8rVfiIqtE00bKwoMGmaTfPohml3GtvTWAvLuLkWYaf6qwgux8HY1CTow9Ce5fey5yyfgKAnTEc0PKGfej3UkB99HrOZdz30E4AbiRY4/DiCk94h1YlxFJ4FzrNOnY/76eV1r+hkRvJTxyJVk5mSRPNdUUukXibseUEWW4I3MlpMrgSXGQmH9WiV2mq/x",
                            "username": "phantas"
                        },
                        "meta": {},
                        "tainted": false
                    },
                    "deposed": [],
                    "provider": "provider.github"
                },
                "github_membership.org_membership": {
                    "type": "github_membership",
                    "depends_on": [],
                    "primary": {
                        "id": "alphagov:phantas",
                        "attributes": {
                            "etag": "W/\"b576cb741b63e8383626c50a83d8bcf2\"",
                            "id": "alphagov:phantas",
                            "role": "member",
                            "username": "phantas"
                        },
                        "meta": {},
                        "tainted": false
                    },
                    "deposed": [],
                    "provider": "provider.github"
                },
                "github_team_membership.team_membership": {
                    "type": "github_team_membership",
                    "depends_on": [],
                    "primary": {
                        "id": "2826122:phantas",
                        "attributes": {
                            "etag": "W/\"d873d81eef5933699c9b1f58417e995c\"",
                            "id": "2826122:phantas",
                            "role": "member",
                            "team_id": "2826122",
                            "username": "phantas"
                        },
                        "meta": {},
                        "tainted": false
                    },
                    "deposed": [],
                    "provider": "provider.github"
                }
            },
            "depends_on": []
        },
        {
            "path": [
                "root",
                "user_philandstuff"
            ],
            "outputs": {},
            "resources": {
                "data.github_user.user": {
                    "type": "github_user",
                    "depends_on": [],
                    "primary": {
                        "id": "581269",
                        "attributes": {
                            "avatar_url": "https://avatars0.githubusercontent.com/u/581269?v=4",
                            "bio": "",
                            "blog": "",
                            "company": "Government Digital Service",
                            "email": "",
                            "followers": "82",
                            "following": "1",
                            "gpg_keys.#": "1",
                            "gpg_keys.0": "xsFNBFX3L2cBEADN7mAB76dWDEaLmaW3PEPJ82yLzAxMreVLNy6nU7+oyCuHUd8/yomejvjyvdM6wDXT9A5oaW5WZo19zAkNR+AITm4noDOToMvF6tZQiZmswdICvxf15pgUD2vQSz84Hf3LEOPDDeNhvZEXvJD8M6XeIaNOKxhgRRoQLXZysJZZp5sLEomGaN6VX30WDYGOPp9uU8prdtRvaynNVt1FvJWF5uKCQYa8sCLY/RrAFQWMSGXpiDnSIs2sciL6wOAzDOXdv1sfJ+Ohdl0xX56B6YO2wAzEmgsfWJ+op3oAd1EUAH12EhQdoidyiOYgQG3fcFaDVuxM8ph45jrnAqOpjJMNSSzFZoABZTq116afYnFJtZOVHlHnJh/mklcQuF+fCZlYlgR5uy5XAPwj6CL/Z+fD4hUAXiyhN8y0Qd+h0HSQASE3aOqGhMvDE+WbpgyRJbs+s17S2fVlucFYaIMHzYmyDyy0a+BqabjIfLpUDPFzSOMHVQijfla/lwZLwkIcZ/RfczwCRXI7gU3N1R5RJiw3GTAg/FZh3ZeCdAWF7yXcywYfK3acetwIGu5RLhNfLHaiMO0AAfP//59N3LJmLq/OJnrhQFBQ0IetTUNwp6429e0lCQJ9l70JOko8UrWvd2myumW2GmcoMo6WaAH8G1tGf8T5xejdUR/tz08WpmsuAQARAQAB",
                            "gravatar_id": "",
                            "id": "581269",
                            "location": "",
                            "login": "philandstuff",
                            "name": "Philip Potter",
                            "public_gists": "40",
                            "public_repos": "117",
                            "site_admin": "false",
                            "ssh_keys.#": "1",
                            "ssh_keys.0": "ssh-rsa AAAAB3NzaC1yc2EAAAADAQABAAABAQDpD0Wc0pfD5NrV0D7alwOZDIqC9id+RroF2BQ59wLqxvF4wvlgtab0VHiIylSeN4K2bK5ikugy6/rwhWWdoQ3raMXIgOWP6ukSh/OLUioxCeop04IlF4JgUo3uNoInkUegnLw42sg/cKX+pbv/1Rc4GEO6J0Wy6YylyeieAWiy2rwgO/nr/49Tyiw1C66embmglhv7OaZEthpKyM3u6rlJeeU0H2K/bsc9yU/Utpek0hx/nih8qlVEPG7/3welWUNb/LwFC4EpJKiU72mRcjWGh9l5MjCJ2SR/wimY1AHQ4YES3VeAQvcaTKMCnaBET/RhnashxMr0f3V7IDkg56tZ",
                            "username": "philandstuff"
                        },
                        "meta": {},
                        "tainted": false
                    },
                    "deposed": [],
                    "provider": "provider.github"
                },
                "github_membership.org_membership": {
                    "type": "github_membership",
                    "depends_on": [],
                    "primary": {
                        "id": "alphagov:philandstuff",
                        "attributes": {
                            "etag": "W/\"8a2b1bef450854c01b13b818eed356b8\"",
                            "id": "alphagov:philandstuff",
                            "role": "admin",
                            "username": "philandstuff"
                        },
                        "meta": {},
                        "tainted": false
                    },
                    "deposed": [],
                    "provider": "provider.github"
                },
                "github_team_membership.team_membership.0": {
                    "type": "github_team_membership",
                    "depends_on": [],
                    "primary": {
                        "id": "2826122:philandstuff",
                        "attributes": {
                            "etag": "W/\"9925da1c43510919fe3a05562daa53c3\"",
                            "id": "2826122:philandstuff",
                            "role": "maintainer",
                            "team_id": "2826122",
                            "username": "philandstuff"
                        },
                        "meta": {},
                        "tainted": false
                    },
                    "deposed": [],
                    "provider": "provider.github"
                },
                "github_team_membership.team_membership.1": {
                    "type": "github_team_membership",
                    "depends_on": [],
                    "primary": {
                        "id": "2826127:philandstuff",
                        "attributes": {
                            "etag": "W/\"e23d80e253d8832de5bb3029069f08ad\"",
                            "id": "2826127:philandstuff",
                            "role": "maintainer",
                            "team_id": "2826127",
                            "username": "philandstuff"
                        },
                        "meta": {},
                        "tainted": false
                    },
                    "deposed": [],
                    "provider": "provider.github"
                }
            },
            "depends_on": []
        },
        {
            "path": [
                "root",
                "user_racinghippo"
            ],
            "outputs": {},
            "resources": {
                "data.github_user.user": {
                    "type": "github_user",
                    "depends_on": [],
                    "primary": {
                        "id": "17086691",
                        "attributes": {
                            "avatar_url": "https://avatars1.githubusercontent.com/u/17086691?v=4",
                            "bio": "",
                            "blog": "",
                            "company": "GDS",
                            "email": "",
                            "followers": "0",
                            "following": "0",
                            "gpg_keys.#": "0",
                            "gravatar_id": "",
                            "id": "17086691",
                            "location": "London",
                            "login": "RacingHippo",
                            "name": "John Kennard",
                            "public_gists": "0",
                            "public_repos": "1",
                            "site_admin": "false",
                            "ssh_keys.#": "1",
                            "ssh_keys.0": "ssh-rsa AAAAB3NzaC1yc2EAAAADAQABAAACAQCb5dU45hJYFNiCfIQNMW06pA7Blri04/lyG5uFIpYHL2jEj5HJzI6gei4R/DAYNh18Smmia5nT2t28FWc2BgMNWkmBBnfAnulLhGc0lgKsNylrwxuTxbkCO78vG5eNPysj77dMUVswkgFKe8wFv7WYe9TXTzbJji5TSPxbn9h9ZnZWbBNTajmeHl8ifxkMNlqFgt7bZiHoQ5tNlYMBu1vfe6OHXlnDX8n0C0DKRPehzqbwYbJghpqtLdgGEIU8OZ8IAgrweA3/FT9ouuKJtrOlCRPGGILZa6V7IFmmV+p63WXz4yeVIfQEXK4XchiJpDoMNf6Lyg+QUq+6bbM17OJ+tYKXr9EKHVjJotBaUef9siPpOXXsFqb7RP1yuwIgADCAN11/mbQIdUd9B9mPvaYKi4F3Z8YxJixW/h2X/zyjhp7MfNzCwyNdn6oLqSgot3/DwSUsq9JIEj6iLgvNOaJJqc9/BY1L5G8EAquvpgDWx4HjxEpxljNqrl1GjlzeV76y9RIJeTkbod3aG9e2zI52zMnLlcTz0+0wt0ks59/lZgu1srnHrE6lxTPrlC0eSGPYcW7HrQfn6aSqX9OjjneFPVVnorVD3Mfw5PGkj6yDlYFPV9Cjf8wNYA89tm4p4O+ESzZYw5t8Ez6rBEgLgLrPz6X/5OsHD5UYdaGkYbRI6Q==",
                            "username": "RacingHippo"
                        },
                        "meta": {},
                        "tainted": false
                    },
                    "deposed": [],
                    "provider": "provider.github"
                },
                "github_membership.org_membership": {
                    "type": "github_membership",
                    "depends_on": [],
                    "primary": {
                        "id": "alphagov:RacingHippo",
                        "attributes": {
                            "etag": "W/\"e117fe9fee9778a0f1a01aab91d99976\"",
                            "id": "alphagov:RacingHippo",
                            "role": "member",
                            "username": "RacingHippo"
                        },
                        "meta": {},
                        "tainted": false
                    },
                    "deposed": [],
                    "provider": "provider.github"
                },
                "github_team_membership.team_membership": {
                    "type": "github_team_membership",
                    "depends_on": [],
                    "primary": {
                        "id": "2826122:RacingHippo",
                        "attributes": {
                            "etag": "W/\"e7bcf3d31f67e2536111c0e69c4d3771\"",
                            "id": "2826122:RacingHippo",
                            "role": "member",
                            "team_id": "2826122",
                            "username": "RacingHippo"
                        },
                        "meta": {},
                        "tainted": false
                    },
                    "deposed": [],
                    "provider": "provider.github"
                }
            },
            "depends_on": []
        },
        {
            "path": [
                "root",
                "user_rhowe_gds"
            ],
            "outputs": {},
            "resources": {
                "data.github_user.user": {
                    "type": "github_user",
                    "depends_on": [],
                    "primary": {
                        "id": "23742767",
                        "attributes": {
                            "avatar_url": "https://avatars1.githubusercontent.com/u/23742767?v=4",
                            "bio": "Look at that red diff. Look at it!",
                            "blog": "",
                            "company": "GDS, Cabinet Office, UK Government",
                            "email": "russell.howe@digital.cabinet-office.gov.uk",
                            "followers": "2",
                            "following": "2",
                            "gpg_keys.#": "2",
                            "gpg_keys.0": "xsFNBFgl+zsBEADTfsdyOQvtrdUyiNlkBNHIMZdl29u7bHbu4YDEfsPLYTbsHeWZHu/F57f9uK+tjXWqrf8Aw6PMUQ4cwKAwICmj31yiGikmL4HIXgSaWllubjWFlXINV6UzCSNxJMToPlXgeuAKTgy3yizlbGK0d/HWxQU1xMNGlgm5M5kjdatywcrvHpcAE2k/5i9PdMerzdQwB/YBpciOLTx/aAKkzROI80ZNEBBJEjjugL72uEhzoCPNtdXZ+ubUBQFvRR3rakLPX3m4IN4Q86hclemUyiEHdvlzprrCUD3f9Hro4eqXmZ2jQ/H8KsU0n9cVlRMqcaxpRrLH2dtRrI+gZNS7EsS+/SMtxb88da2dyy4DI1CL8V1UzEnmZ9mE6KvJEg0mC3DlxAp75IAUjXxNmlIaysfQ0aZKPgCX/xaoYuNsMpNIi0HC1WV/55ge2g5boktEk6TKiBfF/oh4iXdgho2+lD5NlV9d0F/AHCIlQWqLLSldm47OSURggsjLBqiiplK1LEGMSelDavgmnR2gFZyd1VSX0sJfKPXureMv9GioGvxPWWwX0V8goayS2jkwxITzrBD1CaGtqqMnPWSIqwRHzsrCI8W/1k48YrJGJdt6PvNH9KxRosRGsIatn7yNT1w5UyG4xa4fi82chAldVgdMAup40jKGX/n7SITJSNWiavsh2QARAQAB",
                            "gpg_keys.1": "xsFNBFt2zPQBEAC7Ps0AFvjmuk9arSIncjX02Q2CUlQquvNHLABxdZQgc97Ja/9x0dECWgBP0f7tA7zonzX8JQi3B5hvSmcSb+TKSSrp6WmduEY1Cz+/pUmBD2eDAZ02u4zXHMHR3TaR8GrSCI171//1qRz49/NzrVM7C1TBXnGCI3aPpEDgK6gbPwTFtKweVj+i2Xgyaq8Xed6G+P0HeL92BJbKeFtytNJpHPOXY3fPnyflVOmnU4FK6Aeo2dpitDn+qoVpQQVVLRiZlBXN7YEdDlda0evfmd9eX8zsCMeYTvd0tfXfTLPovxEy9DN3+AZ4DdkdMOJ/gAU9wjdP5MsqW35jzdBi4oYaYpDZSY18Xn4E+e1x0RZp8PUSNhSr9pwPxKuRxsM4InuNcVQPhSlNKYJqrRHaD51fLSTuZFMQD9YUqptS+nmFt4acjs/O7+vq8i5MLng8gTlbnZ/Wqq9Cv+LENjL5Lv/uwPYrzKlb0HiH1bbre+9IxiSP0E5TIoLFQgyMQqYr6qkfCtddwh9CpOjidRJgEeSf1t1yryvSw7GgdUiR9ktP4d9Ptw2AcFEChE+kFmMy/voht4B5wiggtl7W9IKp9rMZFjGUTnnhy72sVmZ0DUx36c2QHGt2IVSX638i2ju6N7149Kb1vJPde70biqHpw1TF3p5QIXTfF5maEmpwhxYNXwARAQAB",
                            "gravatar_id": "",
                            "id": "23742767",
                            "location": "",
                            "login": "rhowe-gds",
                            "name": "Russell Howe",
                            "public_gists": "5",
                            "public_repos": "20",
                            "site_admin": "false",
                            "ssh_keys.#": "1",
                            "ssh_keys.0": "ssh-rsa AAAAB3NzaC1yc2EAAAADAQABAAACAQDaZvpViNRHNtfvbFasM4b9HVGdE8Iv6zXl3kDGqiOFXhzYRQTdsmHYHdUv7cLsHgjMtbLynetLuOW+ifB7DLnW/+U3PlEFTX0xUbmzRLnLkQRTEQSc70YG2XADhJG3qITH7R5/pXLC8gNXDWQLj1cte5vvF08OtUPwcjCiISUc1YcbfWBXXbEpZ1R+rXMHJhDHrLbvwrRfUJdS9kgO7bHAF7zp2CAF1xYEVBoLxA7sW6rm1qL9Qr/UTuLr4yjlaB35CQYA8bXfykdxuCCi2IGNC6UAHQ1z1etw4bG4c+OGer4jeMYQm3fsg6wj9RAKJL1Par8E28JPqlPu1qkbdyQ6VHjHXFgCHAfvh++JMuFW6EIFbmFXAlqnlJSAS4/ZSleQWbJg5KpubPLmLu3bqRq0Rs4T56SwzV2rCXOD0e/0FttBjPyLTsfjJC++EVaFYZBdsB1MgTIfKMf16RdERXmUYQtYhT05JUy89vbYde0CLD1mmqO84uabGnwrq0QQjoqw19FZp2EjtHEhTsKthe2xF2Wf7d9tsWjXRDACPKiCEriACpfqkoJvAv3uP1T20FT5J/xfZwhr4YpJd3Cdb1LHKYaViRa+SsdE/PPQxjqmJXW9qHXlfIKRZc+ojfTky5Rr/+RFHdcp+g31SWEjH6kDaxxDNh4O2Hbtpf0IXjs33w==",
                            "username": "rhowe-gds"
                        },
                        "meta": {},
                        "tainted": false
                    },
                    "deposed": [],
                    "provider": "provider.github"
                },
                "github_membership.org_membership": {
                    "type": "github_membership",
                    "depends_on": [],
                    "primary": {
                        "id": "alphagov:rhowe-gds",
                        "attributes": {
                            "etag": "W/\"25470eefd1ba0799b10e6f4cffd57d2d\"",
                            "id": "alphagov:rhowe-gds",
                            "role": "admin",
                            "username": "rhowe-gds"
                        },
                        "meta": {},
                        "tainted": false
                    },
                    "deposed": [],
                    "provider": "provider.github"
                },
                "github_team_membership.team_membership.0": {
                    "type": "github_team_membership",
                    "depends_on": [],
                    "primary": {
                        "id": "2826122:rhowe-gds",
                        "attributes": {
                            "etag": "W/\"8002af98971a64cf53a7f8071a5678b9\"",
                            "id": "2826122:rhowe-gds",
                            "role": "maintainer",
                            "team_id": "2826122",
                            "username": "rhowe-gds"
                        },
                        "meta": {},
                        "tainted": false
                    },
                    "deposed": [],
                    "provider": "provider.github"
                },
                "github_team_membership.team_membership.1": {
                    "type": "github_team_membership",
                    "depends_on": [],
                    "primary": {
                        "id": "2826127:rhowe-gds",
                        "attributes": {
                            "etag": "W/\"56edaa95ed328c707fd78cd42efc8e27\"",
                            "id": "2826127:rhowe-gds",
                            "role": "maintainer",
                            "team_id": "2826127",
                            "username": "rhowe-gds"
                        },
                        "meta": {},
                        "tainted": false
                    },
                    "deposed": [],
                    "provider": "provider.github"
                }
            },
            "depends_on": []
        },
        {
            "path": [
                "root",
                "user_robinmitra"
            ],
            "outputs": {},
            "resources": {
                "data.github_user.user": {
                    "type": "github_user",
                    "depends_on": [],
                    "primary": {
                        "id": "3193694",
                        "attributes": {
                            "avatar_url": "https://avatars2.githubusercontent.com/u/3193694?v=4",
                            "bio": "(({greeting = 'Hello', name = 'World'} = {}) =\u003e `${greeting} ${name}!`)()",
                            "blog": "www.robinmitra.com",
                            "company": "Government Digital Service",
                            "email": "",
                            "followers": "12",
                            "following": "35",
                            "gpg_keys.#": "2",
                            "gpg_keys.0": "xsFNBFrcthoBEADsqpF6vyioIcd3vRDA5pQ4xjOfJZWmjK/jfhLYnriEJgA+0EXiBtI2zvcSZ96rUvD5NWIoVmiN/I3FfnfTQTClH1gi4HwXFyhqnfjjKZxVCIlCZ9CYD0SNpaxTw0XKpeLqEq7GMRX/JRSHN1EcvJR/NAI0rsSWHbo7UYXSRavI2Qxbj6wW2v2oYxBHVsHoqg3XTp7Mmm0bbgPtwKIsKFatHhYmWbQP2NoMQkgvWeGr7/TDDMMo+VDXJDFJ33DXePcYDUe9cOsl6bKfTWPyY0BR4fEJHaNwITamiVkqyyWI9zjUBDlPAklALBA2Uyqxcyc3XipTmX3qiyclOrrhd/9XSNmaes9yWrWG1B6h/mmKUqBcbHe5uZdhlaVJpzcPjDiUlkUv6/s/y4Io0x2umkl5TBBpvQamEdkJ7HiE7gTxfjS/bMDEl3ZcDVPLtzlexsu2PRmLrdk05+u7fxGDFz90q5xeB5B6xtLirB/4o1Pk/AsVj5RJA3vHsseDoWSTV06jivcC5iuZyJOSMzkrlRLCvJhl+kof84vnPEDKDT+WlUqcRQzHSid4RiVw9qNUBvuDZoVjQXNaAHeOM8IIPP7s0V1364X6mCAC2k7RZEY4odfHn8fXRr0v+xKGjoXVIbW3y9kHQpUFoO2oLRGcFedrD1mcEsAo1YIwbVW0L5tb1QARAQAB",
                            "gpg_keys.1": "xsFNBFrcoDABEACmTiN08BGCQFXX1JNAy/Q+0O33/VE9DN3XyFfiVpMa0vlLMWe2cJlYroyIO0n38TBgsqWBEgN15Kntpoo1+opMmx+hrSEAGuOyW8j4oWMUOnXuK8wzRd+/9C9J8RyPC0WlY8K/btJ/OJ44Jzqrh2J2QIq1Amx+PybnAF2fcTX5UH2jTyBotRObpElOUN5mSorbj5PgYiDjX1NkIx94riZQSqNRnGZtlt7V0DlZZcfiz6HcGUZmSGlqKAAZBQs74A2bCIMuakbwVJo8fPfEUvqGPkibc1ADw9k0sdf+cdFDA1U9K3MpSOiLJ0ZfggAm7pft20Nz13pMmdGJCnV4kTrRHVW0aYU2SdGhJD1kcG3kLUiKd4icsK8F89uYkAGqS/OuXG3SJq/I9AVjGvS3M9WFu33ZkVSN6Mx13SVGBOl7zBy8EPmXFDGA4GqdhUCFBp+saWbe3zt9dkQbc6Iz0zvyy6uXBlzOzwuDt76bcwuFrqD5lfg3XHKyM+V85dG67ZUFDqKmOdp9OgRgL5bgvRXDhsNGvZPU6fFyPb/IRBKHvdvHSmyKzp4KBc/+ly8CE28Aj+yXBeeSVW2pzf5r9oND1Q92IfwvmDuR4fUrMSImROrZPuCF9YGsFL8IFK9LDY9Yeo0dES3SWxNuqNqvQikK2a8uhHUhwc6B7fLpxpH3swARAQAB",
                            "gravatar_id": "",
                            "id": "3193694",
                            "location": "London, UK",
                            "login": "robinmitra",
                            "name": "Robin Mitra",
                            "public_gists": "11",
                            "public_repos": "19",
                            "site_admin": "false",
                            "ssh_keys.#": "2",
                            "ssh_keys.0": "ssh-rsa AAAAB3NzaC1yc2EAAAADAQABAAABAQDGDwjlNTN0oxUGDPTCfMya4CzffhKTpoJfo3jF3zp3YtW4ivL/gzFl6kkF6tTlvdn/n+LjLYFen2a+Ht7dAeDpUxVkZvrZnC06mTzrmU1oJ75FYOhVqieTqGg1yF3Jdx3irqNtS+QhpLUD9UaUUoLZmZ0Q+T1IWlmhk3TMNgVjaiSRBOZcAwkiMtOXsluWqhTO2kTaPQReJiIsCRidAhpgYkX4aX5jF0wg+qqspKLE4T/XkXOEY3PWasIasB8m2qVLkzKGrQoyaF8n2/+XLClIOoTDcsHzWdmYFgrwIz/hRRUGoJK6e471ogEiXhZAl2Ju1XNeISfnwWka/BT2cSW5",
                            "ssh_keys.1": "ssh-rsa AAAAB3NzaC1yc2EAAAADAQABAAACAQDrZfMuJRmcRtpLS3X/oKTKiGwmFSjIEAZd3N3zszJd49BdSlqiXUl2LnZt89mdgzc2zDfrrM9jTbmlS5ImxDWMCgDnAxBSsQaV6vu4HAhsd11stV1qkspqc0vqbZbOVNEdz1r1g3Fodt5gatcZZ48G3Hb+x0L5ISW+74Ie3WJkQZpVj11dUNyyfSHW+b7Ue2kniosRX9+slJUzvxuJswkYP65broIZ/1xe6LB566m1lg0Qg3YJn1IAVXMXbfE4ZqgMwjXPKv6EYPy5AHuChhxqlT/aEZET8jn7Z0H01csWVIsdAal9BO/RFoi4PDZLyyKSbCtUv4SlfYLMW540Qn+0Lkn3BqgFRAgqcwOmXtE2B5GX7lN5qK1voeS0wEMgJ+uO+eyt81da10bDbpB+qR40Bxefobs1FjefuAY7/y6ApEolB9Azm3U3f9Z7tK4CmomnjFcQZ+dLQJbJ+Ya4c77sDo1lR0iE4ZlP3LgnYC4pwy76XjLcAbMhnsuM/o8YjnPx7uS78kAWChD7kivcfNLOtt5GN/f6yPHAKJJdKUs9h9PNkAPc4Dmd+ZaF2MpopBBfzvI1rh08FMoW7JUsBsNKoWhQfi2LP0tMzaK3oOh/+gION5nYEWaQbdQr1T6LqaGGiLq2EfE0BE1LwdCd8QDyhDzoULKqLxmnRRtT4q16FQ==",
                            "username": "robinmitra"
                        },
                        "meta": {},
                        "tainted": false
                    },
                    "deposed": [],
                    "provider": "provider.github"
                },
                "github_membership.org_membership": {
                    "type": "github_membership",
                    "depends_on": [],
                    "primary": {
                        "id": "alphagov:robinmitra",
                        "attributes": {
                            "etag": "W/\"c0c6dfa4980b5fbf8b9127f61efa3162\"",
                            "id": "alphagov:robinmitra",
                            "role": "member",
                            "username": "robinmitra"
                        },
                        "meta": {},
                        "tainted": false
                    },
                    "deposed": [],
                    "provider": "provider.github"
                },
                "github_team_membership.team_membership": {
                    "type": "github_team_membership",
                    "depends_on": [],
                    "primary": {
                        "id": "2826122:robinmitra",
                        "attributes": {
                            "etag": "W/\"1c2b13a441ca8e257fcff8c321debfdb\"",
                            "id": "2826122:robinmitra",
                            "role": "member",
                            "team_id": "2826122",
                            "username": "robinmitra"
                        },
                        "meta": {},
                        "tainted": false
                    },
                    "deposed": [],
                    "provider": "provider.github"
                }
            },
            "depends_on": []
        },
        {
            "path": [
                "root",
                "user_ronocg"
            ],
            "outputs": {},
            "resources": {
                "data.github_user.user": {
                    "type": "github_user",
                    "depends_on": [],
                    "primary": {
                        "id": "4973404",
                        "attributes": {
                            "avatar_url": "https://avatars2.githubusercontent.com/u/4973404?v=4",
                            "bio": "",
                            "blog": "",
                            "company": "",
                            "email": "",
                            "followers": "0",
                            "following": "1",
                            "gpg_keys.#": "1",
                            "gpg_keys.0": "xsFNBFayNs4BEACxDuBWUkQ6ycBa/UIbvb4R/0ps22x0MnTGV1Xa+WOdsT06WVZ9oGGDA0ev1s6VGUw6Z1uxmRRw8HAho+XSTHXCi/UDPmB3eyK7geA4+4OnqNu31V+fADMcOsYDLMDh1ay7qHLtGFaShN6XjDBZmQhpLZO6/tH2LsOpHmUoITCqtp996W7+gUkIy8/3t1eCdOqM4WciNSFJraKxdZbVFhF/cpGMEQFP4pEzjK0Lc4LZ3NRk0aBQmRcp1gjRiVdR5qvK3esFEhzRyuImB1q8xZ31Ja56vdJSKH1vQgMmhBmUIbJNlqmj4vZalesQqCiTvLuo2PJMs0ZjFrOEz4KvIJIZRwDQaj0WGK6d94KgmbP+puChzXu2/IxHaopxXorl4TZyjYBve24NjnbHVpLab+x3t+u9wSCDzUWodoh6gY/9qm2yzt13LqgcgbdhAP3NZ4GugHKzPj8dpkYIjcIFlkDDCe3m0xtzlIzgS9jOwNU/A8fkkWIBXMR6xyoSMVJR0Rvm7wMQZmCQ+9/VpUF4imv/BNZA8KwPpdtasdENnh0i2ptsfUxWIQql0QH9Mgvx4NJNN/r8JAwAFWO5/2AfPaHV9CgnwXHqJpxoIvDtIMKAdpKQR2lbU4aAsI90ObXYxprI7gvdWOCTyO01Q2f5Z3kroAnAEGIvo7Grmkl7ethYMQARAQAB",
                            "gravatar_id": "",
                            "id": "4973404",
                            "location": "United Kingdom",
                            "login": "ronocg",
                            "name": "Conor Glynn",
                            "public_gists": "1",
                            "public_repos": "4",
                            "site_admin": "false",
                            "ssh_keys.#": "2",
                            "ssh_keys.0": "ssh-rsa AAAAB3NzaC1yc2EAAAADAQABAAABAQDUSsLykW5SixwnSgsppEVG9ZOViuGznm/8Z3CjGNMNb3JnBZCrpsBP+RjNiPwldu4NKVCDinhbPLKDojE07LqTOVD12crUX7DYhQ0FNPip3MHCnFJI5s08fZ4uFR+pOJyT7iOBVnLGCRCcmxwNMWPGEYmRi0Yi5PeROxIFP/E4Y8iFemD50eK3Upj4biZi97+0U9+y+MB4VJ0qqmyG/I2unhBsUNPgSamdZIJ7OnU22YCSOSJbNLzArsLRu9txrLhknkYPM46L2Oy+N34NPx1lB0Y1J3csfNYPperAPm62Fwqk/JCIhdo5hiOXimzobWQhyaTaImL4d+lifA4u072V",
                            "ssh_keys.1": "ssh-rsa AAAAB3NzaC1yc2EAAAADAQABAAACAQChXVB0+ZEc2KB1147WHGbhSUGyB2xeLnwJ4CW9V9hWdTgGWMuiWOcgFc1BGGbQ2I6Be939/JzqmsNOlguB0Qq5OJgcHelgB2+qAqEb1I9gYwKFFoIOIpiG5WNNKfbY+C2OjW6zCy9n0bNdXuSDzG2becfeCtSurdoVQNwt54AEXNtQAjUqPk+T4pHpMdWpDIMamDw8PY8PG3hypr6ao5vy/vBOaIKezAGIsDnr8eVIVkaV/TCE9RRQLxpN/tXCowzRbAmIko7so5iKoQOXSzHLMk/dehDk4oQg8pdRG7n/QW3NXFg1KbS3STgUb/8uigwAVRWCEd9LysDaceUISZ2JOP2f692f/z2rA1gCQiM5qJBOTGzL980PfcnTcKA8LI7A//S+UdWEONThQlpnZf+aFTaLHLvuBNO4awOoMorDkI7FMUvyGTHKJVHqebHwBoFMKghn9tzQ/GKK+o0zNgZ5nZaVGRRzRhxv/UueYVPPlRAf0w5GRPzx4vyOc7PE4M6amIDrIG8xojVFn8m3KwQumU78m297HzWtK3CSJSDrU1k2gpHdM/8AArRtYhIyPl7w/CaC+GrVMpG3I4r1HFzR92qQ66aUanoqr40CXwL+kbyZirt3u4km2c140/qX3UJQYcmObk43MjepFxuVmRIqCqjsfBFp4ZpIqOhQdsr37Q==",
                            "username": "ronocg"
                        },
                        "meta": {},
                        "tainted": false
                    },
                    "deposed": [],
                    "provider": "provider.github"
                },
                "github_membership.org_membership": {
                    "type": "github_membership",
                    "depends_on": [],
                    "primary": {
                        "id": "alphagov:ronocg",
                        "attributes": {
                            "etag": "W/\"843754a9afcc12cb493df16fb8c5a567\"",
                            "id": "alphagov:ronocg",
                            "role": "member",
                            "username": "ronocg"
                        },
                        "meta": {},
                        "tainted": false
                    },
                    "deposed": [],
                    "provider": "provider.github"
                },
                "github_team_membership.team_membership": {
                    "type": "github_team_membership",
                    "depends_on": [],
                    "primary": {
                        "id": "2826127:ronocg",
                        "attributes": {
                            "etag": "W/\"97eae96a14458422ea3a2994c3a435ab\"",
                            "id": "2826127:ronocg",
                            "role": "member",
                            "team_id": "2826127",
                            "username": "ronocg"
                        },
                        "meta": {},
                        "tainted": false
                    },
                    "deposed": [],
                    "provider": "provider.github"
                }
            },
            "depends_on": []
        },
        {
            "path": [
                "root",
                "user_rosa_fox"
            ],
            "outputs": {},
            "resources": {
                "data.github_user.user": {
                    "type": "github_user",
                    "depends_on": [],
                    "primary": {
                        "id": "5963488",
                        "attributes": {
                            "avatar_url": "https://avatars1.githubusercontent.com/u/5963488?v=4",
                            "bio": "",
                            "blog": "http://www.rosaemeraldfox.com",
                            "company": "Government Digital Service",
                            "email": "rosafox89@gmail.com",
                            "followers": "26",
                            "following": "7",
                            "gpg_keys.#": "0",
                            "gravatar_id": "",
                            "id": "5963488",
                            "location": "London, UK",
                            "login": "Rosa-Fox",
                            "name": "Rosa Fox",
                            "public_gists": "31",
                            "public_repos": "38",
                            "site_admin": "false",
                            "ssh_keys.#": "1",
                            "ssh_keys.0": "ssh-rsa AAAAB3NzaC1yc2EAAAADAQABAAACAQDc4WFKxhyxLItpYixyf/0o0Cou3/mW/Ktd5y0ij7QqLX5A/b+poJXc+6zwM4XbJAz8mcvWi9wsMlv5j9yjSa9n3MQsM/ZMfw5pNAujeP7/+TgTISAAJt7hRmtWvRu6sS/5EsITCTPkEIDDLKfuSvSy0gou+zetp22GW/PgnK0xaykgLWPGGXhEFVm+6bOBFq2vGZUYn3bgbSQZzozWGT1tVZePwTceX3KLOTOkis6chCv5UHh1a5YE9upfZym6IDCgKBkRA+Wv4vatbXy/ULDoSFzgT72unNdddu6kjixy+E7KpWPPqQjEDc8Bmel1gXr52sbg1+Xacj7LjKbGnvzyFmdPAZXMtQTu14zsIx9Z4F3Sha8qP05XkXANvzHmhGn3XuoSa4fARqngrnSAvuGILytd8m8jGtM3TfDJueJJ2EX5I6YBUiDeJPnKzh3MZXJFh3niCee+lupUGON8Wo/JrUsw+Hs/kMPeIu20eEynm+m5OdHwGb39arB8YAdWHTxumBG1rsn60GpXGAdD+b41ghzZr32U73m2fuXnRjTMrTj2L6gJZRfxdoELCE2OfixdABMT51V0LbSnvXc/uGIoRx6qqas3LRXFdAwqTF7foR+k6GGtQYSiSp6e+/rZGGEGOKIXJdDTYjxc4neFdNRLP3UiV1ys0B3iWw2Sgrwu/Q==",
                            "username": "Rosa-Fox"
                        },
                        "meta": {},
                        "tainted": false
                    },
                    "deposed": [],
                    "provider": "provider.github"
                },
                "github_membership.org_membership": {
                    "type": "github_membership",
                    "depends_on": [],
                    "primary": {
                        "id": "alphagov:Rosa-Fox",
                        "attributes": {
                            "etag": "W/\"1d20997ef33bf8cac1c9e0dee0a612e5\"",
                            "id": "alphagov:Rosa-Fox",
                            "role": "member",
                            "username": "Rosa-Fox"
                        },
                        "meta": {},
                        "tainted": false
                    },
                    "deposed": [],
                    "provider": "provider.github"
                },
                "github_team_membership.team_membership": {
                    "type": "github_team_membership",
                    "depends_on": [],
                    "primary": {
                        "id": "2826122:Rosa-Fox",
                        "attributes": {
                            "etag": "W/\"01ac9a2eecf2142b37eabafad7d95531\"",
                            "id": "2826122:Rosa-Fox",
                            "role": "member",
                            "team_id": "2826122",
                            "username": "Rosa-Fox"
                        },
                        "meta": {},
                        "tainted": false
                    },
                    "deposed": [],
                    "provider": "provider.github"
                }
            },
            "depends_on": []
        },
        {
            "path": [
                "root",
                "user_sakisv"
            ],
            "outputs": {},
            "resources": {
                "data.github_user.user": {
                    "type": "github_user",
                    "depends_on": [],
                    "primary": {
                        "id": "4289633",
                        "attributes": {
                            "avatar_url": "https://avatars3.githubusercontent.com/u/4289633?v=4",
                            "bio": "",
                            "blog": "",
                            "company": "",
                            "email": "",
                            "followers": "9",
                            "following": "8",
                            "gpg_keys.#": "0",
                            "gravatar_id": "",
                            "id": "4289633",
                            "location": "London",
                            "login": "sakisv",
                            "name": "Sakis",
                            "public_gists": "3",
                            "public_repos": "11",
                            "site_admin": "false",
                            "ssh_keys.#": "2",
                            "ssh_keys.0": "ssh-rsa AAAAB3NzaC1yc2EAAAADAQABAAACAQCjMsssUUkOef9B11ErWLO51I+K6kYkveNZD7EMfy4zmeD00f/s8EVQqq3upi4npqyU3WGea+gr1wIFIKIZQssDEMKGPkS8StOCZ+iwu6wmz45ZWZ6L8pphhLAQjy8Vd1qk84uj2jNmkdDKQlvUkiUYMrH0bGdiTAguaKTD+PtWtWisew7p47dTBm8qgpjRv1MvSuis5poYsRfB3/oXleageafGhC+0n+SGT7SR0diHzdUJTbJMRdLQ/fxkDgCQgjIbUsVrztLTz4LntZQqBuoSQIGVO81+eKGeTtN+9NrFa2UhAn5mAdIw4UVXLocmumsqbUvVSqXP9SXZwrst/2VMPaSa/6BraQcMZyAAg8h6HDCC2ciLHzpEcM9gEaLfwf7LmSUcRpMTLWHoKGUPh/5b84eph4uHWW+xii1s14ik/Ta+9Lcp7awXLWDwXWYS2DiWWSzM5Vdr3NaQk5aDKEgKBuOu9il0l30zvOXF9ciqChUKRRuOf/AductP9+FeVuHt8svEht7JP/5anQPrZGjzTeO1U66Z9hKXYxq/rCsr0Z0f28/KItPaoI8ie1QAsvxmVQ4XoiLjIUubmfxPjnyL0uH0nlNCbooWEyf+Fb8Em1G6ib2hpl6ghz96lOVO5DwjTa6fz+zjK5+wyWlYQOzDyIylmSmji0TQEge3f4bYgw==",
                            "ssh_keys.1": "ssh-rsa AAAAB3NzaC1yc2EAAAADAQABAAACAQC2i6QBDsYRlNsrLFtpDlrCXOZue9aymBoyFtsaAyhzr/2o27JOMIrILFGJ+kbJs/Awl6l9rVy9byo9trW4WQbLnHXvZzj1ESYZsZ3vRrS/0q9IxoIQp/EJE19ySirC4mCY2NzC9p2ApYfLGjsdzfn9ujm2NZUYX+tHS8KoG1S0LYIoGVPK344Ny26MHl9iDFB590W+qgHVrNDmlu5HoMbhJh4aMp9ye6/W+8gjUc3zxyepTi5X89tYoQXTbEmTrUhp2CC80PdC6z6bQx8ZfsOF90tzBpyQxQ7MjkjUk20DFKO7mUr7yBFFUB+tPgCYvAt5HPp45QIjZQBe1btR0vKy/T1CyteMy+9jUbt6rBQLsCmx1s2TgOyJQDEyOHgYz9iXeRi9cjthHXLDVZJvQoGgdpWj8t42lv+r/7DVzfXYTDJxJAuiPe5mL5WgzxYAZs7FXdfszfqu22F1DtNSbNAElupMUMuX3iTHlv5HRTQucjb6LzqsLVNiHOuz5SIkobn+R23OcxHTEYz1vdKGLl1TdXvBWSo/lUNVQRTw4s8WD6CyfFhFeGKdsbsYJexky1TDMpo0tbuvYCTpsDajYltskxBfqMKyAOBPQw0GrVelUNO9AYPYFVJ2q8mDCYqPKOUfaDlxeWnS/JoQtktdSwFNOnKfr+x9xT2vGHySBtOjgw==",
                            "username": "sakisv"
                        },
                        "meta": {},
                        "tainted": false
                    },
                    "deposed": [],
                    "provider": "provider.github"
                },
                "github_membership.org_membership": {
                    "type": "github_membership",
                    "depends_on": [],
                    "primary": {
                        "id": "alphagov:sakisv",
                        "attributes": {
                            "etag": "W/\"8c526b0c5bd674f7aeb16e74b7d6ae3f\"",
                            "id": "alphagov:sakisv",
                            "role": "member",
                            "username": "sakisv"
                        },
                        "meta": {},
                        "tainted": false
                    },
                    "deposed": [],
                    "provider": "provider.github"
                },
                "github_team_membership.team_membership": {
                    "type": "github_team_membership",
                    "depends_on": [],
                    "primary": {
                        "id": "2826127:sakisv",
                        "attributes": {
                            "etag": "W/\"c7e506ecd208bcc7243daaf44920a0bd\"",
                            "id": "2826127:sakisv",
                            "role": "member",
                            "team_id": "2826127",
                            "username": "sakisv"
                        },
                        "meta": {},
                        "tainted": false
                    },
                    "deposed": [],
                    "provider": "provider.github"
                }
            },
            "depends_on": []
        },
        {
            "path": [
                "root",
                "user_sarahdean"
            ],
            "outputs": {},
            "resources": {
                "data.github_user.user": {
                    "type": "github_user",
                    "depends_on": [],
                    "primary": {
                        "id": "28869085",
                        "attributes": {
                            "avatar_url": "https://avatars2.githubusercontent.com/u/28869085?v=4",
                            "bio": "",
                            "blog": "",
                            "company": "",
                            "email": "",
                            "followers": "1",
                            "following": "0",
                            "gpg_keys.#": "0",
                            "gravatar_id": "",
                            "id": "28869085",
                            "location": "",
                            "login": "sarah-dean",
                            "name": "",
                            "public_gists": "0",
                            "public_repos": "2",
                            "site_admin": "false",
                            "ssh_keys.#": "1",
                            "ssh_keys.0": "ssh-rsa AAAAB3NzaC1yc2EAAAADAQABAAACAQDH0JgSldKKHgycFbJ+96rIT6mxlw0vAa3VskdFYbJpsXBfk72ATx5tykeGme9eMr9Lv/v4CFFUwC3zUJ+vGOkC80qUGObOLHyWU8/1J7un2Y3dqe3U6nHreoWmCkSz+P4kdhZ5qpCrPxhqgxi/xc+EBoetiZ6dxZQJEXWvssE0CTk16SBCYwo9r+Tthn1lyxr6wx4caEKCoBxP6keOhTIK81zpHc3MHPBJ1GPWAqeEwA+jMeUxVk/CCabIQ8X6SbxSalHcN2rbgWUChTd9nEWYGOCXf8+iAVIKTRtz3Q6ginjHWLq93Lij8w8ivaYQHEPOR1Yp9E3qcHe9UMXFnV9XsKO9cQbvqu/otGCRXr2HYyUHIH1vG9WgeitONhcUtA6GWm1eA2vxOCM34NFfLGriJdPSOZuiwg9ZkvrOuoLemAU0ZJAhzdOOZvUZ7f/LvwAP6m8OJQ86S9mRdnFl2LtzAblaj/m35H9LCEJZg8FOxTefYhlOLf4HBVQc5LK3Pc/T+6NXjX+4NLDAku6iqd6XFRpr2HSIP5TAVOu7geWXzZq0hfKwvnUTXeQd/D2/JU/NjIzYXFuugR98B6GYa8Va7n0oy9ZDLZjHZslNT6x2ZkmiTs8rtwMeqPHOpGUbhB3JG6wOJxbi9HVHIYXbDbAAksyZGXj5U0Ru5ydIuz91xQ==",
                            "username": "sarah-dean"
                        },
                        "meta": {},
                        "tainted": false
                    },
                    "deposed": [],
                    "provider": "provider.github"
                },
                "github_membership.org_membership": {
                    "type": "github_membership",
                    "depends_on": [],
                    "primary": {
                        "id": "alphagov:sarah-dean",
                        "attributes": {
                            "etag": "W/\"aa94960475b09a4934ad427908c3ee07\"",
                            "id": "alphagov:sarah-dean",
                            "role": "member",
                            "username": "sarah-dean"
                        },
                        "meta": {},
                        "tainted": false
                    },
                    "deposed": [],
                    "provider": "provider.github"
                },
                "github_team_membership.team_membership": {
                    "type": "github_team_membership",
                    "depends_on": [],
                    "primary": {
                        "id": "2826122:sarah-dean",
                        "attributes": {
                            "etag": "W/\"aa8b2619aca655a8a3ce8167660d6baa\"",
                            "id": "2826122:sarah-dean",
                            "role": "member",
                            "team_id": "2826122",
                            "username": "sarah-dean"
                        },
                        "meta": {},
                        "tainted": false
                    },
                    "deposed": [],
                    "provider": "provider.github"
                }
            },
            "depends_on": []
        },
        {
            "path": [
                "root",
                "user_smford"
            ],
            "outputs": {},
            "resources": {
                "data.github_user.user": {
                    "type": "github_user",
                    "depends_on": [],
                    "primary": {
                        "id": "11182275",
                        "attributes": {
                            "avatar_url": "https://avatars1.githubusercontent.com/u/11182275?v=4",
                            "bio": "",
                            "blog": "",
                            "company": "",
                            "email": "",
                            "followers": "1",
                            "following": "6",
                            "gpg_keys.#": "0",
                            "gravatar_id": "",
                            "id": "11182275",
                            "location": "London, UK",
                            "login": "smford",
                            "name": "",
                            "public_gists": "0",
                            "public_repos": "24",
                            "site_admin": "false",
                            "ssh_keys.#": "1",
                            "ssh_keys.0": "ssh-rsa AAAAB3NzaC1yc2EAAAADAQABAAACAQDEBg2FP6ILqRLUYB55iixIjYkLj3jrBrAOHecxgQUXEsO9nDynSKEsb5KRZYVf7RoV0+Gw+IqhcwULYzFTwfZV5KwOfA7xUhVy6YxBluUe50DpfBXR2uuOkzrjQg6c8wO0Ce0AoECcItTr5TQUgIUqhBvqw+dcp2qgLs1MXp0NbvnaQoxr8Hu6cn01v/H33z1HBRGbPCYESGmqr4HAldJJ7zrkSVVLxB7U2yhqCimHUjL2EUhnD6MEz3fV/wLiWYOJYf/nqfKFbL530LxG9SDE3WdsqFZk8T3gmT+Q4BGQsPT8jdbAoyE5zA13LpKeDaJxjjiI/Nc+eD+hKb1CDevqKstCrs1f0kznxxQTksxxLErEmqhxovqr2k9CJAA0Q3nrvs7p+F9jQgcQtNLYvJWhU4/xUEfDIsDlzUnw3loGhtNsvm0qCAyNTDg8Km86zGp3qOMwSpWo6J+O5zR0VK3bKkIOWVLovKvM16OmcGz8Ye8IngNVtOcZX6sSBkotjR/l163RvsKADSie/foQw3F/4xm0zzpyUoPY2Fzm6o1yBZhgXwBcmvKd2X1uDlL7a9gLi39YQfCakuA4qFX2lqFo2Zv7kMypKQEVHRuUY+VwQzDSurLnP+qfb4rlVxoSYy5LiRcRlKdQHr+dDkpzx/5uBKHeQoMDUnL4pV60YEP5Nw==",
                            "username": "smford"
                        },
                        "meta": {},
                        "tainted": false
                    },
                    "deposed": [],
                    "provider": "provider.github"
                },
                "github_membership.org_membership": {
                    "type": "github_membership",
                    "depends_on": [],
                    "primary": {
                        "id": "alphagov:smford",
                        "attributes": {
                            "etag": "W/\"7ed3ecf849e01b61dbcd4ad467f01845\"",
                            "id": "alphagov:smford",
                            "role": "admin",
                            "username": "smford"
                        },
                        "meta": {},
                        "tainted": false
                    },
                    "deposed": [],
                    "provider": "provider.github"
                },
                "github_team_membership.team_membership": {
                    "type": "github_team_membership",
                    "depends_on": [],
                    "primary": {
                        "id": "2826127:smford",
                        "attributes": {
                            "etag": "W/\"f28c15b1ba263d796ad2f91e97d7f01c\"",
                            "id": "2826127:smford",
                            "role": "maintainer",
                            "team_id": "2826127",
                            "username": "smford"
                        },
                        "meta": {},
                        "tainted": false
                    },
                    "deposed": [],
                    "provider": "provider.github"
                }
            },
            "depends_on": []
        },
        {
            "path": [
                "root",
                "user_szd55gds"
            ],
            "outputs": {},
            "resources": {
                "data.github_user.user": {
                    "type": "github_user",
                    "depends_on": [],
                    "primary": {
                        "id": "39911926",
                        "attributes": {
                            "avatar_url": "https://avatars2.githubusercontent.com/u/39911926?v=4",
                            "bio": "",
                            "blog": "",
                            "company": "",
                            "email": "",
                            "followers": "1",
                            "following": "0",
                            "gpg_keys.#": "0",
                            "gravatar_id": "",
                            "id": "39911926",
                            "location": "",
                            "login": "szd55gds",
                            "name": "",
                            "public_gists": "0",
                            "public_repos": "0",
                            "site_admin": "false",
                            "ssh_keys.#": "1",
                            "ssh_keys.0": "ssh-rsa AAAAB3NzaC1yc2EAAAADAQABAAACAQC5wO2B/2a6VEm/Ccs+vuv8F5zV3JcuKDSwPzruA1BhzQdsaHKWzDEzwEcmaZZ2dnbDQ1LDCro/Y974Pq4qzgQhKTSn5RXCgX1za88MKYR53W8opfLu3sTzO0cuJZ/3EAjYpxGHtpFvmtFst32BuAP3R7Gj0ypBan5ia2GCsdWbJ8c78oyzHnj3a8Kq5UaLNReByePGRK7PiZh71V9C2bDf0i8RwF/wHwgrjFUaTd2kV8wAXKLgIvz4KycSc1/ep/IhFpdemcrPXnHR6IPnMjUZzFfsIUF0CNbGRqbWvvNZVi5WEIwg9HQOBSY7D9tWuo1ma1RudQLd6ZvB8c9h9iKnWdxBJpERRL+2OOVXFeUsOd1VjLeil2KvP1DlhLjHEvYjXGtUjLVBLX58rpP6LE0Hv/pRmnYIoEufYfP09nPpfFCMN/kRSEMjx8LuGiIGSJKz0vrS3DqojsytRKQ9gwdTjmgv8XMjCjxuXCQjFMP9LKUoaPiKTSlfG3mGoXQdMIxc/FyyuxLDRxdIA0EYgUcYEDZdelo+qSM4tEo8RuEh7CslS/TrGaGckYbAvOrlI+HFRtI+93TBvaV91LSCkjprez4Tl9DG8Aq+8+gFp67GqO9ytTbmgbtwpSnkyIqNxW9eR4HEU3+egl300rYcC4P6GjhTcZ5s0LgL/OsXVkMAuQ==",
                            "username": "szd55gds"
                        },
                        "meta": {},
                        "tainted": false
                    },
                    "deposed": [],
                    "provider": "provider.github"
                },
                "github_membership.org_membership": {
                    "type": "github_membership",
                    "depends_on": [],
                    "primary": {
                        "id": "alphagov:szd55gds",
                        "attributes": {
                            "etag": "W/\"1120b2d50d3a317a096c822ce8c4e57e\"",
                            "id": "alphagov:szd55gds",
                            "role": "member",
                            "username": "szd55gds"
                        },
                        "meta": {},
                        "tainted": false
                    },
                    "deposed": [],
                    "provider": "provider.github"
                },
                "github_team_membership.team_membership": {
                    "type": "github_team_membership",
                    "depends_on": [],
                    "primary": {
                        "id": "2826127:szd55gds",
                        "attributes": {
                            "etag": "W/\"4c822b76c2d9bee06b785e76441b0b84\"",
                            "id": "2826127:szd55gds",
                            "role": "member",
                            "team_id": "2826127",
                            "username": "szd55gds"
                        },
                        "meta": {},
                        "tainted": false
                    },
                    "deposed": [],
                    "provider": "provider.github"
                }
            },
            "depends_on": []
        },
        {
            "path": [
                "root",
                "user_thomasalanlee"
            ],
            "outputs": {},
            "resources": {
                "data.github_user.user": {
                    "type": "github_user",
                    "depends_on": [],
                    "primary": {
                        "id": "845102",
                        "attributes": {
                            "avatar_url": "https://avatars3.githubusercontent.com/u/845102?v=4",
                            "bio": "",
                            "blog": "",
                            "company": "",
                            "email": "",
                            "followers": "1",
                            "following": "1",
                            "gpg_keys.#": "0",
                            "gravatar_id": "",
                            "id": "845102",
                            "location": "",
                            "login": "thomasalanlee",
                            "name": "",
                            "public_gists": "0",
                            "public_repos": "12",
                            "site_admin": "false",
                            "ssh_keys.#": "2",
                            "ssh_keys.0": "ssh-rsa AAAAB3NzaC1yc2EAAAADAQABAAACAQDoqz1Sk/MAuxujtpknd5sIy7L7it/yYrNjtY0V7TYh8WDseJp8xAszP5HJttW7QItOw4AUJjC+6RnvbIOWzjT7sShPYwL1ZaijR0UoVmCyqZ0PXQAqODffB1fh85gIXe429azpRRCF9Cq362bYD0zsL2rlMU6lpbXoAJ2xuoDCYkwMGwUvYYMCTezPvwSq5LcAJhpfH6dXuRSOxOHBcyK1+9lVAlGzHk1vpPUZ8JxOvQhn7XP6aeTCeeMkrOwJO4SLBVxN9Pk/Y3huuZ5ZZ58Xn4wUTFzWWskyzCs+Ap7sms+OfqKhlFbwiivabia6D+ZHyeYjdhRnfNcEkh/8WmqS4BCaIUpmfBVmQTKF9nHVrd0T4NxFbedfEnkboYP3U1bY26vuldU9PnwrRXskM73zA6c2sBXv10ypeH2Skn3DbUe/ln8uEp5Ingo0Ze2zTYbkSTKGgV1Wh6/2LH8ZbFHhxt3/xe/ouxllej/4fLdegozCCv52iDZV8opM7UfNUUTdxFk5r3X1UplLLSI+9oN9RuTL1d0M9229BwI0xgGC+CvMb0nICTiSvj3q10BLgg9ZMExfjUrjIniRVb5v81tvFbh9ENhA7gIyYJIeHwfyzm8QG8SHFQKbuXn4RJjdJ9WBalbYlS0GBAgtV+nOvOBeaqucpRLO7BSw4eFOPs3wow==",
                            "ssh_keys.1": "ssh-rsa AAAAB3NzaC1yc2EAAAADAQABAAACAQC4j69qoUjCZACWDZLW6gbGD2ZmIABS/Og34/ueoOY7Kt7J+sMxZADZq0CUtvTSx4eTekFIXFhAcwAy7+drKPvcyYFWiAbP3mmuWuQCtNffo++xOgoCKt1AcB2lK9fP79Vu/xBNe7JCzebRIEm/n+57C7p/qdb+Ex7McYyW9R2IedyhE5WxuazBp6nd+Zl/WroSJkmItiHkVFpZVbgR9oVWDB+Nst4KcPZl5BdivPc93VBzIobeKB5FgkRSHc1mKFCrxYC6RTHdWnIQAfrZGxRhxMiG8gQNuy/tk6JD6/7t3LGMYWV7s+MM2YrgV2jsY47GP0AlczStjV3RUn1aXqRlzx4BAqNYq8h3v/vuG/MH8nbC4tje4cjXsSqEuKAVnuOQpNIGICP1kVgaSER2EPCbvZ4ce8bMex1VulfIoDRnl0kYX2SJjYDPgfB0FY57Hr1P8ZYKsWnFV3UiQTz2YX0TU6iO9NSiF1u3RXdjUHf6FiRYzUsHmm6k9Rr7odL8UKUfSC/3OskvCJLqFtmeFph20wndXR5Pp9mpN9Y3x49NrYar539o3PCgZUzp/XQqiz9/TvSIH3QCyGeJja/7EHIj/4OxA77NBZe/Bb/Vy9joyPrLs61M2E1zqzp7lUzexTd9nPtlwR8OXeNOTzr/vI7RmxjWLUlmOtbAQ5zY9A0lNw==",
                            "username": "thomasalanlee"
                        },
                        "meta": {},
                        "tainted": false
                    },
                    "deposed": [],
                    "provider": "provider.github"
                },
                "github_membership.org_membership": {
                    "type": "github_membership",
                    "depends_on": [],
                    "primary": {
                        "id": "alphagov:thomasalanlee",
                        "attributes": {
                            "etag": "W/\"4b6dc03ca44086e5c3807d25923147f8\"",
                            "id": "alphagov:thomasalanlee",
                            "role": "admin",
                            "username": "thomasalanlee"
                        },
                        "meta": {},
                        "tainted": false
                    },
                    "deposed": [],
                    "provider": "provider.github"
                },
                "github_team_membership.team_membership.0": {
                    "type": "github_team_membership",
                    "depends_on": [],
                    "primary": {
                        "id": "2826122:thomasalanlee",
                        "attributes": {
                            "etag": "W/\"ec820ffc2511a27dbfac11bd12c8d0d8\"",
                            "id": "2826122:thomasalanlee",
                            "role": "maintainer",
                            "team_id": "2826122",
                            "username": "thomasalanlee"
                        },
                        "meta": {},
                        "tainted": false
                    },
                    "deposed": [],
                    "provider": "provider.github"
                },
                "github_team_membership.team_membership.1": {
                    "type": "github_team_membership",
                    "depends_on": [],
                    "primary": {
                        "id": "2826126:thomasalanlee",
                        "attributes": {
                            "etag": "W/\"0ae64af789563cd08f508299843234b0\"",
                            "id": "2826126:thomasalanlee",
                            "role": "maintainer",
                            "team_id": "2826126",
                            "username": "thomasalanlee"
                        },
                        "meta": {},
                        "tainted": false
                    },
                    "deposed": [],
                    "provider": "provider.github"
                },
                "github_team_membership.team_membership.2": {
                    "type": "github_team_membership",
                    "depends_on": [],
                    "primary": {
                        "id": "2826127:thomasalanlee",
                        "attributes": {
                            "etag": "W/\"0573e64847324fec0a149794b2f8ad82\"",
                            "id": "2826127:thomasalanlee",
                            "role": "maintainer",
                            "team_id": "2826127",
                            "username": "thomasalanlee"
                        },
                        "meta": {},
                        "tainted": false
                    },
                    "deposed": [],
                    "provider": "provider.github"
                }
            },
            "depends_on": []
        },
        {
            "path": [
                "root",
                "user_tlwr"
            ],
            "outputs": {},
            "resources": {
                "data.github_user.user": {
                    "type": "github_user",
                    "depends_on": [],
                    "primary": {
                        "id": "1482692",
                        "attributes": {
                            "avatar_url": "https://avatars2.githubusercontent.com/u/1482692?v=4",
                            "bio": "☁️ @ gds",
                            "blog": "https://www.toby.codes",
                            "company": "@alphagov",
                            "email": "toby@toby.codes",
                            "followers": "52",
                            "following": "86",
                            "gpg_keys.#": "1",
                            "gpg_keys.0": "xsFNBFnNBIkBEADKCOZV4iP35k4kTpVVtyu5Qv4D8dbXutDhZu7o/Kd3ukLeQigGPXKygYoaUf8MvLKyZRzNSCDwbtDKI58axPxHaDeys3Yflc3201dqymJWaicGG7GlgkcUjItmUs8i9kgWJL7olL2I96a/Gp2kwCMnCGXcn8mkuXDlyJcvJQRwtnYeDWU6n5wlgvIIZ3jivRnznaJEQlKvJ7k5nWSHK2/sgTjeVVGbYcAThcSY17efCbhMWvzjXXka2EanlVwd/xWW4E/cu5SIcvmqAy9NUTPzomFjkoOA4yuo/VGDttpWhLj0Va09hWAaVDTrEQNWiWAQ03R/6l9kwFEmG0iwK/UC3zFzbPmWpOcLbaFX20aRS+mYDp6Q5QPVPnmGaN+HXDq1diazmsPf3VUHPWv1/VHoMj4KXi/cjEMo6/9jwAicWVn25A2CKRNUc6sSKlzGL0CtfIkJUCmbUSUNiB/bJfShjHjUlnbKVovZfFeRYXWHMQhJlaOObYo+HoY7wOwixdEsvu5VoA0/aKM2BLlfWQtdL8aNiUlXvtgusu5kBKoyTT7dJD7KLBfUCoMNQtuBFCdXmeCkxD/1HYfZMTO5MA/VFB7zmYpRyUXGEtGhWirMmzdogeZC2aqEbOh62Az2O9Xn3sWONFzvbFTZTDbFW5Q1vnjc8AJdZwSKhHfuz//kdwARAQAB",
                            "gravatar_id": "",
                            "id": "1482692",
                            "location": "London",
                            "login": "tlwr",
                            "name": "Toby Lorne",
                            "public_gists": "3",
                            "public_repos": "28",
                            "site_admin": "false",
                            "ssh_keys.#": "3",
                            "ssh_keys.0": "ssh-rsa AAAAB3NzaC1yc2EAAAADAQABAAACAQDUl6BPP1zkdT+gUdm51s8pIxaozKW4C027rexuHHzmr94IX6Qcv2Yldt0hqilqk7KQe5zQKAap4FhjG1ymdr23ze2MIaSGdLEqj+7oxhykzJOZDrcOZsrau0KSusFn8AuTryb9bdhQgf7XQ97I91lL/JgLTgov6laSSZQLDHVnqTOYua0QC0Qr4fqjKyCJr2QRJ/CS2qZeujZUXKe888pPYjfxCMK+47QiJpXHxb2H3BfWwRvSoLMTvL7GEFXNoQp1F9Ke92EYpoWTseFy7nIkAz8OIadTPeJlLGEK0D5gZds63nJrIxHDwXCiiLOM9FIqW3c2H9QMi4zEX1lkn++E3zygfF7QTeYlcMvPUJuThmKROYchkuIR0OOzIAqQPSyjXp8y5SaS1gxjzfT5pcyu4cfSoTMKZnQzxx5mu9kY429HeDmU6BBsSvBB3HgSG60xQSrrKY3kGYHdl12gYjwo/FO1I45bpbsY7ZzKtj6yK3paEA+n+dtplvLddD/5rKiFaqkP775kz6F+/DA5OY9mUnfPpoAPtuoU+qP72gLVh0hm6a+FFC1ZXibnIN1RggTD8R6CA8/i8HlwTDxaptUsN0r229Bzb/XdkdOLzPYxHoSdW2iJd44b0XfebCRlZMTVM9FP12hnWQo8sUjNnN0HKI83riO2K/QsVQXEtDNtSw==",
                            "ssh_keys.1": "ssh-rsa AAAAB3NzaC1yc2EAAAADAQABAAACAQDDB1eukB2gsbFOFMyYlNF7bqJrT8QF/cjDZ1tRvFyNJuqqkUDGHaMjongZ265xd+1vuPtFPEDCR7zF4YW1v39Dgf2QJD4UP2/Zyf7Wg0C7gB9iRg+bDguNmkMheKufFH9SIz0PuX6S0UBGPfSd2Q2uxR9MArTHQhBMAqaHSG42m/9w3BWv7JvJ5mxHTSWxVxEEbHUlK8ZVzsh5xt57uggG5Um4Jhls2mU4zR7P8zRkDfc6+ytojzZnrX8SFY/afu7b+tsxUEhkdpVrhq08Sx0HL2toGk4Kap8REYEMP8/EDFz9z3JxzVmB/LoAPUq87sJT4Mtmg0qexEty7PpSZti+Zz4pEuFM4SzK9Ty9A63PiVVf6ebaRe7bjM1WZsgfVFmTJhjZsbVoLeUKCZPkitWZFA+/kP7wK2g8g1NAd3HrM73q2i6o9luDDJqUlnLtDNf6u3znkbfmsIBko4WPCZB8oInYP+DgQ4yhpF9Au3nZIzmfNYW73qBKxTEgUhbI+h16zwsMr0TQ2o6nR3hZsRtIX/jGlSCj3+Rv36WL+Bga+fHW3QnwzLltk6wPQxWEA7Iyi+Ukulc7lAXqKOossMJQWHpgc6LkjJjUORQKqAVfwSTQFNB8WS9abAtgZwjjtJsDP9XmWABW5EDmQFuLq+5uCSzhc9iEA3DVi7hNj2L+yw==",
                            "ssh_keys.2": "ssh-rsa AAAAB3NzaC1yc2EAAAADAQABAAACAQDDFBXMDp6M7oo/2xQWgJIuAat9nMj5U1faZ8bAKTv0FkysBRWXPyr3DjkyJBjB9ScgmY8DHQOnxwiNn4mKDyD2niiFiVNtkYd06+/OaT1BtoM0H9ScUCOg6KEV7sywFdIpdaxl3GuA3wNTMVsjfwxaiSst+4+6aDIsq5hF657u5PuJntDNTXUfnH+7dCYJqSjWeaWktRDJQsHJchGNrzwudJGlyfQZ8cjHx9bSMkADkvZwriu2GKYvl8FZNDbix8v/d3/sNPGMH5LrwQNVIH1HZ9dZFj/lveFqQx1ayRLJotBx9nS3sl7XDsrlHgdKjVmWYdNiP6O3mU3BRnq/2je2BiCQNdEAmKPFGceV08ZjcnwUKY+PqJwtICwFNDkKD8ssbGovqbixpkFDudLwJ3JTM6ROocrFtcmC+PQvSSLSpqNlOr9JImGI6CqZqaAZHrlv/A2A+wcaFmbjdVguQXI8DzDzoE9BMIJ3Eg0INVPCiLybU/UFxGF5yrtihGeTzykYhjKyGMpsuHyuyZQfXYtP+tnajFXonnHJd86UReCoaFpy1f91x96jStLAAk3mqhq21Dp6TiEN/R2/pZW4AwUd7m4Gnuif8ovCayBrnHjPNNr4FL/Vj4arxYyTdJPInweIoCXuq5NPPVHuxn89D3lZIGcNvFygQebxfGvwe69QJQ==",
                            "username": "tlwr"
                        },
                        "meta": {},
                        "tainted": false
                    },
                    "deposed": [],
                    "provider": "provider.github"
                },
                "github_membership.org_membership": {
                    "type": "github_membership",
                    "depends_on": [],
                    "primary": {
                        "id": "alphagov:tlwr",
                        "attributes": {
                            "etag": "W/\"ae4e639dc5055bec34eed6f8d6b2d400\"",
                            "id": "alphagov:tlwr",
                            "role": "admin",
                            "username": "tlwr"
                        },
                        "meta": {},
                        "tainted": false
                    },
                    "deposed": [],
                    "provider": "provider.github"
                },
                "github_team_membership.team_membership.0": {
                    "type": "github_team_membership",
                    "depends_on": [],
                    "primary": {
                        "id": "2826122:tlwr",
                        "attributes": {
                            "etag": "W/\"765feced7c1388f3dc1d88d9710db12b\"",
                            "id": "2826122:tlwr",
                            "role": "maintainer",
                            "team_id": "2826122",
                            "username": "tlwr"
                        },
                        "meta": {},
                        "tainted": false
                    },
                    "deposed": [],
                    "provider": "provider.github"
                },
                "github_team_membership.team_membership.1": {
                    "type": "github_team_membership",
                    "depends_on": [],
                    "primary": {
                        "id": "2826127:tlwr",
                        "attributes": {
                            "etag": "W/\"c5d2f1c4b95b8a80f675657b22be6b66\"",
                            "id": "2826127:tlwr",
                            "role": "maintainer",
                            "team_id": "2826127",
                            "username": "tlwr"
                        },
                        "meta": {},
                        "tainted": false
                    },
                    "deposed": [],
                    "provider": "provider.github"
                }
            },
            "depends_on": []
        },
        {
            "path": [
                "root",
                "user_tomrosier"
            ],
            "outputs": {},
            "resources": {
                "data.github_user.user": {
                    "type": "github_user",
                    "depends_on": [],
                    "primary": {
                        "id": "14276821",
                        "attributes": {
                            "avatar_url": "https://avatars2.githubusercontent.com/u/14276821?v=4",
                            "bio": "",
                            "blog": "",
                            "company": "",
                            "email": "",
                            "followers": "4",
                            "following": "0",
                            "gpg_keys.#": "0",
                            "gravatar_id": "",
                            "id": "14276821",
                            "location": "",
                            "login": "tomrosier",
                            "name": "Tom Rosier",
                            "public_gists": "1",
                            "public_repos": "5",
                            "site_admin": "false",
                            "ssh_keys.#": "1",
                            "ssh_keys.0": "ssh-rsa AAAAB3NzaC1yc2EAAAADAQABAAACAQDDGWSKRdTgkxVDGVQ3UOok7lXQMrNqqERMch0jFuuPPdDXhJ9CjL36soUh1JYpNKUGRyHy8Y+H4U3AwAP+0AoCcXE7OOPByNrab8O4G+VslODeH/wClAjE5YqcH51K+1BGzJ4KvscoxW07nr2pz/i2YLoSqL6jiD1c7zn6PoevEoxBk1Z7/WJFkggzLoOOzjPNwYN1GeWWs/R4+S5ALQn1QGIsBB4vLOUo+zMSPl6KWQR7TEkl1yMqKeDKFM1zFfzul2eoiyUekzFQdixh7dWH+dLjAAz9H2TS/nvIcr3jQ5egA65AH9kSobvawzjBEKuWDjKPm/MdAEGtDldIEemvWS28n3NK8HFJn2lQliKYTh86Nly+79sBLFU6OC3YvAWoS+3v+2FHq5UL6HH4TdRzT2HMJVtPzHyXuxdBFgeGaruV66XxmBCfbtWM2lHngUYLrXt9BziEWZBz5lq+B1nrK4BBvPW209X5jZgyh5YBtz5CS3nF44zNS4Z77yc50n2rYkVy8w542RzA2hKKcpGaBTzCp+Y1MYNWCb2ohRJmmC/wjggME8sMdifZT7dwt37wTjIVMPddSS84oAbwQ6/So4+V2WjPUe11TXQkfU1ukD+952icP6Cymd5BptIQIttRlyixxTntj/IQvrK8hm6QJk/zDJ/ZNDxC1pzci7tbDQ==",
                            "username": "tomrosier"
                        },
                        "meta": {},
                        "tainted": false
                    },
                    "deposed": [],
                    "provider": "provider.github"
                },
                "github_membership.org_membership": {
                    "type": "github_membership",
                    "depends_on": [],
                    "primary": {
                        "id": "alphagov:tomrosier",
                        "attributes": {
                            "etag": "W/\"b386a2289530c4acc2f8805517a061d6\"",
                            "id": "alphagov:tomrosier",
                            "role": "member",
                            "username": "tomrosier"
                        },
                        "meta": {},
                        "tainted": false
                    },
                    "deposed": [],
                    "provider": "provider.github"
                },
                "github_team_membership.team_membership.0": {
                    "type": "github_team_membership",
                    "depends_on": [],
                    "primary": {
                        "id": "2826122:tomrosier",
                        "attributes": {
                            "etag": "W/\"60855b690b64e4a5abcf9ccd12a509aa\"",
                            "id": "2826122:tomrosier",
                            "role": "member",
                            "team_id": "2826122",
                            "username": "tomrosier"
                        },
                        "meta": {},
                        "tainted": false
                    },
                    "deposed": [],
                    "provider": "provider.github"
                },
                "github_team_membership.team_membership.1": {
                    "type": "github_team_membership",
                    "depends_on": [],
                    "primary": {
                        "id": "2826126:tomrosier",
                        "attributes": {
                            "etag": "W/\"0eb07fce4851a5f3f4147daadf52908f\"",
                            "id": "2826126:tomrosier",
                            "role": "member",
                            "team_id": "2826126",
                            "username": "tomrosier"
                        },
                        "meta": {},
                        "tainted": false
                    },
                    "deposed": [],
                    "provider": "provider.github"
                }
            },
            "depends_on": []
        },
        {
            "path": [
                "root",
                "user_vixus0"
            ],
            "outputs": {},
            "resources": {
                "data.github_user.user": {
                    "type": "github_user",
                    "depends_on": [],
                    "primary": {
                        "id": "2650888",
                        "attributes": {
                            "avatar_url": "https://avatars1.githubusercontent.com/u/2650888?v=4",
                            "bio": "",
                            "blog": "",
                            "company": "",
                            "email": "",
                            "followers": "6",
                            "following": "3",
                            "gpg_keys.#": "0",
                            "gravatar_id": "",
                            "id": "2650888",
                            "location": "UK",
                            "login": "vixus0",
                            "name": "Anshul Sirur",
                            "public_gists": "5",
                            "public_repos": "42",
                            "site_admin": "false",
                            "ssh_keys.#": "5",
                            "ssh_keys.0": "ssh-rsa AAAAB3NzaC1yc2EAAAADAQABAAABAQCxpNurqxJPlwzKiZ/MCsCgqjLMIWA1HHw1Wws6nqG9+OjiC5BtIUytuxAhFLfJdX75zUDNV25RmHmHFP/QmkX/o/zPX0Y3wAZxwkdrc/WJdviha+6dO57mowxhhZ1HUTMQjIW3ieVsYTi8ABbGQz4xc/08XkPYHSuXLgur44wvUSMkE0Rzvf/iJUf09KgKW/B0ICg0laAjKBcwIBt9TXIf2EQm3B0tN1eNBTWjq+k/W7ZALQpq+r0GqVE6Kk9Im8iLJ729jAIorY0rGMv7zx6c1PsTygtjr0hIHMDf4/2h1YICtUqih6rjGlKlO9D1sDeN2nXxGKsjpwb71G58ED3D",
                            "ssh_keys.1": "ssh-rsa AAAAB3NzaC1yc2EAAAADAQABAAABAQCmEh/f9K+ao7czSsLOxD2fnUZa3YbtmCNm+KrUnz5eh+mU2RlXb+CdGI/mcn9AHx06F1ViEzuogP7GTeJsxniHR7l38b+P4Q0jYbtmLn4/Br285O20s35Vj8UAyD82DU0UslHtkxwuizincZmEJy6Ow3KC5aAK0YNV6nnb6mndOyYPC5oB0A6XyVnbIQgg9TsOGzLkbwQGy4p+GCOUCBvVb3HlkQSBFQrUuE2ZbTlx6hjttzgIj+pYG/sQnaROMXd3wwOnXer2DrXxqU7NGhCdXjUR3Z/pU3f6j/exTvEULi/MrMLaY4nDBUbjEFIxpkYTdKuHO0lYTsUX5lMh5Alf",
                            "ssh_keys.2": "ssh-rsa AAAAB3NzaC1yc2EAAAADAQABAAACAQDJlDs80WqzXeRVV3ed7/1KVnBF2qrWxeyQuBl/GOUzDL693objfj4QvJYxr3A5eVhJ4zWU3nVw23iR82t3RitO2whc4zB+QVZZcr7kBR7Si9b8nqC37OQpcvX15B/+1rxa0n0HfItZ18gRmvJ9cnBixCVF8YRqK+B9mHkEqjV1yEkQd5bk4SLaHmmfCHJlNvaBoEzR4P4ssCr8FfPQRu3ZskzzwMIwuRE8ZzZzpnDXZ/o6+suP5+YzjSl/PhfqJGKTgS10yurQRNj7FRSCyTAJFMAACDF+7/O+INEeWY9P9ixId0H/p05VbkQ9p1Y9Nyo+uPW1pE0I1OCbVqMICtqgQL2EW0EecoJUwgQ0ulmt/+Zh2rnSSZTb6XbhH+qPTsrLoWoO6F9NwPO/n3tHY8PSbO5lp2+T3lD/faAk/wc8Or09c9TO5R7KupIHuBJa+tRmnSdKK+zxz23jdjUf1hl58pNA+4p6RETERSW0Z8rJChN41MU+Zcn2pVxAJ7AgAW/T9XmgYd4lmy4P7lpvyPK2PE9LaZRqCXA3QGBLj4LLd2rwt93He4a9DNsgouLvQtZFvk1joLbh+HN8m1FaEBqutHPD66WGSOe099pTCDLECYdR1zs9f782wydMICItzdPVmQpjI3TAMSncOhASS6yR8drj6NZwcAZ3Q3yqxMqDXw==",
                            "ssh_keys.3": "ssh-rsa AAAAB3NzaC1yc2EAAAADAQABAAABAQDWPNJndVLDpVe/aQinE4HJYACygq1P3N1OwSdZui9RfHUiErqSCEgpYOa6/TNZXMQi2hLMR6X2FigSDMuWjvAyfLG/Y7510w46Vrnw34UO1VB2BQymoUQiyqkB3EQAhweQMXTupWTonO95yrx+CwIztPdSNu269Auj14qed7dLeP6fgqAiGz9RO0MQIs++3ObwO9z+JPWn0f736RtBaKwOal5AfC9P4kt0gRImKXQvMyPSA7Z5jc7IUHublOzz1JX5qXUZwY2GkG7EBgScwZdtIPP59kL3Rf+90j9hq0FUhBzbL8AYl7K0YIiIGgLd7zn+NqMORaRES3WEikhPAGpj",
                            "ssh_keys.4": "ssh-rsa AAAAB3NzaC1yc2EAAAADAQABAAABAQDMbjXkc3yUkKXHQkDhZi5698R/xbZr9w6AP+J1EiPvzuxrCj+Xrg2Pkwgs6kRjPdPeRTLrF0QycaOKVtizWI/gS2IDC8BIYb4CwBN8vkIeeIQnVcOM9n8ku58DA6xjlMg+6k6MC0qTpFH6z/tpo5cduq77GrmofNwiLwYF1+iDE6LR5jXiPitkj25IWau5aYCT+Vo91ue5nzYEOqXzv/oG5+LElpsNDHPvoNfTTf81+t95CL7bhHL62ESir5PfvWrRCZecKpMt1W1mNQHUq3+wXopuVJJSr1HhI9VA/o7XAGFE/ou4//CMqvs3dwZgi7NnKGU/uL2tbbVm2C4+8X2R",
                            "username": "vixus0"
                        },
                        "meta": {},
                        "tainted": false
                    },
                    "deposed": [],
                    "provider": "provider.github"
                },
                "github_membership.org_membership": {
                    "type": "github_membership",
                    "depends_on": [],
                    "primary": {
                        "id": "alphagov:vixus0",
                        "attributes": {
                            "etag": "W/\"296b8fb320570f020a004d37fbcd352d\"",
                            "id": "alphagov:vixus0",
                            "role": "admin",
                            "username": "vixus0"
                        },
                        "meta": {},
                        "tainted": false
                    },
                    "deposed": [],
                    "provider": "provider.github"
                },
                "github_team_membership.team_membership.0": {
                    "type": "github_team_membership",
                    "depends_on": [],
                    "primary": {
                        "id": "2826122:vixus0",
                        "attributes": {
                            "etag": "W/\"64eb5b441e6835632116ad0bebf9459b\"",
                            "id": "2826122:vixus0",
                            "role": "maintainer",
                            "team_id": "2826122",
                            "username": "vixus0"
                        },
                        "meta": {},
                        "tainted": false
                    },
                    "deposed": [],
                    "provider": "provider.github"
                },
                "github_team_membership.team_membership.1": {
                    "type": "github_team_membership",
                    "depends_on": [],
                    "primary": {
                        "id": "2826126:vixus0",
                        "attributes": {
                            "etag": "W/\"a18c4d2762d07ba91928ba58405630f2\"",
                            "id": "2826126:vixus0",
                            "role": "maintainer",
                            "team_id": "2826126",
                            "username": "vixus0"
                        },
                        "meta": {},
                        "tainted": false
                    },
                    "deposed": [],
                    "provider": "provider.github"
                },
                "github_team_membership.team_membership.2": {
                    "type": "github_team_membership",
                    "depends_on": [],
                    "primary": {
                        "id": "2826127:vixus0",
                        "attributes": {
                            "etag": "W/\"723a5424c40da448f7526972415aa3f8\"",
                            "id": "2826127:vixus0",
                            "role": "maintainer",
                            "team_id": "2826127",
                            "username": "vixus0"
                        },
                        "meta": {},
                        "tainted": false
                    },
                    "deposed": [],
                    "provider": "provider.github"
                }
            },
            "depends_on": []
        },
        {
            "path": [
                "root",
                "user_zilnhoj"
            ],
            "outputs": {},
            "resources": {
                "data.github_user.user": {
                    "type": "github_user",
                    "depends_on": [],
                    "primary": {
                        "id": "1894097",
                        "attributes": {
                            "avatar_url": "https://avatars2.githubusercontent.com/u/1894097?v=4",
                            "bio": "",
                            "blog": "",
                            "company": "",
                            "email": "",
                            "followers": "0",
                            "following": "4",
                            "gpg_keys.#": "0",
                            "gravatar_id": "",
                            "id": "1894097",
                            "location": "",
                            "login": "zilnhoj",
                            "name": "",
                            "public_gists": "3",
                            "public_repos": "19",
                            "site_admin": "false",
                            "ssh_keys.#": "1",
                            "ssh_keys.0": "ssh-rsa AAAAB3NzaC1yc2EAAAADAQABAAACAQDQUZi8k/RCYY5kyzWPDyQL/H1DxrVz/AwGVqw4UHGfiZzSLF8pi4tI2sKSAbI0/6sGOeK+zQfQI1DJkHI4CVi4wHC+Rk4qnON9LFOjkq1ZDL4fa20SY4aEdPe3GyjqleInWuLu2+T1W+yReh3YoQYE164ou9jRwa+h2AqRUGL521TyoLXCBKYtABfN0biRFS6EQBmRiYNraeELT486vASKnWDdhEYq4norwkuUz6h9p5SdxqHMdvMY/aGHOoAi+Y2HO3KYbN5HLjQ8zP3/+5IPwp3RSpFa9s8rWYui1F+AthyqU24KCm2C2DugOiYSx83aaspacE/VcFAisMEH+LqiSyIN81lHYX60TJ/54Z+wagc9/HB54VkcuvNSACdl8vflWSEDE84LU0iI2YMjqDV1hJ7YT/KX5Sk1575wtjidW2aWlp7SXkf/j1idYMPr00YyVD9tyce6PbXPGDDv7JUnLG1m2gu5W2D6kPI+Cl79HCj/0KuhN1vqEs9lxUF5t308XZKyarjbTmZlr5U3Rh2TGINdhi6TztLuyM3KoUIMA1XBqEIpI/u+gw1jTFDonayU7ZpkerAeQUHyW/zn3a3OBDBRlP56TMCoBNgPRagZLSoYg3+5F8SV7S+WdYmz59eHXaBTgSAmsgndDEH2UR7zAlfnZOq1SAKj0k9jw6bYQQ==",
                            "username": "zilnhoj"
                        },
                        "meta": {},
                        "tainted": false
                    },
                    "deposed": [],
                    "provider": "provider.github"
                },
                "github_membership.org_membership": {
                    "type": "github_membership",
                    "depends_on": [],
                    "primary": {
                        "id": "alphagov:zilnhoj",
                        "attributes": {
                            "etag": "W/\"44d1a3a8f5b884a43029a7e523abadaf\"",
                            "id": "alphagov:zilnhoj",
                            "role": "member",
                            "username": "zilnhoj"
                        },
                        "meta": {},
                        "tainted": false
                    },
                    "deposed": [],
                    "provider": "provider.github"
                },
                "github_team_membership.team_membership": {
                    "type": "github_team_membership",
                    "depends_on": [],
                    "primary": {
                        "id": "2826122:zilnhoj",
                        "attributes": {
                            "etag": "W/\"48bd2adfca90bbadd3f7adb2e0e0699c\"",
                            "id": "2826122:zilnhoj",
                            "role": "member",
                            "team_id": "2826122",
                            "username": "zilnhoj"
                        },
                        "meta": {},
                        "tainted": false
                    },
                    "deposed": [],
                    "provider": "provider.github"
                }
            },
            "depends_on": []
        }
    ]
}
