{
    "version": 3,
    "terraform_version": "0.11.13",
    "serial": 173,
    "lineage": "7069a474-17af-c033-8243-ba2e55487134",
    "modules": [
        {
            "path": [
                "root"
            ],
            "outputs": {},
            "resources": {
                "data.github_team.core": {
                    "type": "github_team",
                    "depends_on": [],
                    "primary": {
                        "id": "2826122",
                        "attributes": {
                            "description": "Verify tech team: verify-tech-team-core",
                            "id": "2826122",
                            "members.#": "30",
                            "members.0": "idrop",
                            "members.1": "46bit",
                            "members.10": "zilnhoj",
                            "members.11": "Todai88",
                            "members.12": "robinmitra",
                            "members.13": "brenetic",
                            "members.14": "nacnudus",
                            "members.15": "CharlesIC",
                            "members.16": "jkunle",
                            "members.17": "sakisv",
                            "members.18": "ronocg",
                            "members.19": "Rosa-Fox",
                            "members.2": "galund",
                            "members.20": "AnneCarr",
                            "members.21": "ida-build-bot",
                            "members.22": "chrisclayson",
                            "members.23": "blairboy362",
                            "members.24": "Wynndow",
                            "members.25": "andy-paine",
                            "members.26": "tomrosier",
                            "members.27": "bjgill",
                            "members.28": "RacingHippo",
                            "members.29": "bravegrape",
                            "members.3": "issyl0",
                            "members.4": "mrwilson",
                            "members.5": "philandstuff",
                            "members.6": "chrisholmes",
                            "members.7": "thomasalanlee",
                            "members.8": "tlwr",
                            "members.9": "kerrr",
                            "name": "verify-tech-team-core",
                            "permission": "pull",
                            "privacy": "closed",
                            "slug": "verify-tech-team-core"
                        },
                        "meta": {},
                        "tainted": false
                    },
                    "deposed": [],
                    "provider": "provider.github"
                },
                "data.github_team.eidas": {
                    "type": "github_team",
                    "depends_on": [],
                    "primary": {
                        "id": "2826126",
                        "attributes": {
                            "description": "Verify tech team: verify-tech-team-eidas",
                            "id": "2826126",
                            "members.#": "13",
                            "members.0": "idrop",
                            "members.1": "chrisholmes",
                            "members.10": "dbes-gds",
                            "members.11": "JohnWattsGDS",
                            "members.12": "ida-codacy-bot",
                            "members.2": "thomasalanlee",
                            "members.3": "CharlesIC",
                            "members.4": "ida-build-bot",
                            "members.5": "blairboy362",
                            "members.6": "Wynndow",
                            "members.7": "tomrosier",
                            "members.8": "benjamin-mortimer",
                            "members.9": "JHjava",
                            "name": "verify-tech-team-eidas",
                            "permission": "pull",
                            "privacy": "closed",
                            "slug": "verify-tech-team-eidas"
                        },
                        "meta": {},
                        "tainted": false
                    },
                    "deposed": [],
                    "provider": "provider.github"
                },
                "data.github_team.infrastructure": {
                    "type": "github_team",
                    "depends_on": [],
                    "primary": {
                        "id": "2826127",
                        "attributes": {
                            "description": "Verify tech team: verify-tech-team-infrastructure",
                            "id": "2826127",
                            "members.#": "16",
                            "members.0": "46bit",
                            "members.1": "issyl0",
                            "members.10": "blairboy362",
                            "members.11": "andy-paine",
                            "members.12": "jstandring-gds",
                            "members.13": "adityapahuja",
                            "members.14": "rhowe-gds",
                            "members.15": "szd55gds",
                            "members.2": "philandstuff",
                            "members.3": "chrisholmes",
                            "members.4": "thomasalanlee",
                            "members.5": "mmhmm",
                            "members.6": "tlwr",
                            "members.7": "sakisv",
                            "members.8": "stephengrier",
                            "members.9": "smford",
                            "name": "verify-tech-team-infrastructure",
                            "permission": "pull",
                            "privacy": "closed",
                            "slug": "verify-tech-team-infrastructure"
                        },
                        "meta": {},
                        "tainted": false
                    },
                    "deposed": [],
                    "provider": "provider.github"
                }
            },
            "depends_on": []
        },
        {
            "path": [
                "root",
                "user_46bit"
            ],
            "outputs": {},
            "resources": {
                "data.github_team.approvers_team": {
                    "type": "github_team",
                    "depends_on": [],
                    "primary": {
                        "id": "3101758",
                        "attributes": {
                            "description": "Verify tech team: verify-tech-team-approvers",
                            "id": "3101758",
                            "members.#": "30",
                            "members.0": "idrop",
                            "members.1": "46bit",
                            "members.10": "kerrr",
                            "members.11": "robinmitra",
                            "members.12": "brenetic",
                            "members.13": "CharlesIC",
                            "members.14": "sakisv",
                            "members.15": "ronocg",
                            "members.16": "Rosa-Fox",
                            "members.17": "chrisclayson",
                            "members.18": "smford",
                            "members.19": "blairboy362",
                            "members.2": "galund",
                            "members.20": "Wynndow",
                            "members.21": "andy-paine",
                            "members.22": "tomrosier",
                            "members.23": "bjgill",
                            "members.24": "bravegrape",
                            "members.25": "jstandring-gds",
                            "members.26": "mhussein-gds",
                            "members.27": "adityapahuja",
                            "members.28": "rhowe-gds",
                            "members.29": "AmritSidhu",
                            "members.3": "issyl0",
                            "members.4": "mrwilson",
                            "members.5": "philandstuff",
                            "members.6": "chrisholmes",
                            "members.7": "thomasalanlee",
                            "members.8": "mmhmm",
                            "members.9": "tlwr",
                            "name": "verify-tech-team-approvers",
                            "permission": "pull",
                            "privacy": "closed",
                            "slug": "verify-tech-team-approvers"
                        },
                        "meta": {},
                        "tainted": false
                    },
                    "deposed": [],
                    "provider": "provider.github"
                },
                "data.github_team.tech_team": {
                    "type": "github_team",
                    "depends_on": [],
                    "primary": {
                        "id": "2830432",
                        "attributes": {
                            "description": "Verify Tech Team",
                            "id": "2830432",
                            "members.#": "30",
                            "members.0": "idrop",
                            "members.1": "46bit",
                            "members.10": "kerrr",
                            "members.11": "zilnhoj",
                            "members.12": "Todai88",
                            "members.13": "robinmitra",
                            "members.14": "brenetic",
                            "members.15": "nacnudus",
                            "members.16": "CharlesIC",
                            "members.17": "jkunle",
                            "members.18": "sakisv",
                            "members.19": "stephengrier",
                            "members.2": "galund",
                            "members.20": "ronocg",
                            "members.21": "Rosa-Fox",
                            "members.22": "AnneCarr",
                            "members.23": "ida-build-bot",
                            "members.24": "chrisclayson",
                            "members.25": "smford",
                            "members.26": "blairboy362",
                            "members.27": "Wynndow",
                            "members.28": "andy-paine",
                            "members.29": "tomrosier",
                            "members.3": "issyl0",
                            "members.4": "mrwilson",
                            "members.5": "philandstuff",
                            "members.6": "chrisholmes",
                            "members.7": "thomasalanlee",
                            "members.8": "mmhmm",
                            "members.9": "tlwr",
                            "name": "verify-tech-team",
                            "permission": "pull",
                            "privacy": "closed",
                            "slug": "verify-tech-team"
                        },
                        "meta": {},
                        "tainted": false
                    },
                    "deposed": [],
                    "provider": "provider.github"
                },
                "github_team_membership.team_membership.0": {
                    "type": "github_team_membership",
                    "depends_on": [],
                    "primary": {
                        "id": "2826122:46bit",
                        "attributes": {
                            "etag": "W/\"602a80c4727c1def7d43bcde9e5c61c1\"",
                            "id": "2826122:46bit",
                            "role": "member",
                            "team_id": "2826122",
                            "username": "46bit"
                        },
                        "meta": {},
                        "tainted": false
                    },
                    "deposed": [],
                    "provider": "provider.github"
                },
                "github_team_membership.team_membership.1": {
                    "type": "github_team_membership",
                    "depends_on": [],
                    "primary": {
                        "id": "2826127:46bit",
                        "attributes": {
                            "etag": "W/\"470db48c2519c7ae1577b18aaefb0611\"",
                            "id": "2826127:46bit",
                            "role": "member",
                            "team_id": "2826127",
                            "username": "46bit"
                        },
                        "meta": {},
                        "tainted": false
                    },
                    "deposed": [],
                    "provider": "provider.github"
                },
                "github_team_membership.tech_team_approver": {
                    "type": "github_team_membership",
                    "depends_on": [
                        "data.github_team.approvers_team"
                    ],
                    "primary": {
                        "id": "3101758:46bit",
                        "attributes": {
                            "etag": "W/\"f0c3f7d7b899f712b184bf58a95c2b73\"",
                            "id": "3101758:46bit",
                            "role": "member",
                            "team_id": "3101758",
                            "username": "46bit"
                        },
                        "meta": {},
                        "tainted": false
                    },
                    "deposed": [],
                    "provider": "provider.github"
                }
            },
            "depends_on": []
        },
        {
            "path": [
                "root",
                "user_adityapahuja"
            ],
            "outputs": {},
            "resources": {
                "data.github_team.approvers_team": {
                    "type": "github_team",
                    "depends_on": [],
                    "primary": {
                        "id": "3101758",
                        "attributes": {
                            "description": "Verify tech team: verify-tech-team-approvers",
                            "id": "3101758",
                            "members.#": "30",
                            "members.0": "idrop",
                            "members.1": "46bit",
                            "members.10": "kerrr",
                            "members.11": "robinmitra",
                            "members.12": "brenetic",
                            "members.13": "CharlesIC",
                            "members.14": "sakisv",
                            "members.15": "ronocg",
                            "members.16": "Rosa-Fox",
                            "members.17": "chrisclayson",
                            "members.18": "smford",
                            "members.19": "blairboy362",
                            "members.2": "galund",
                            "members.20": "Wynndow",
                            "members.21": "andy-paine",
                            "members.22": "tomrosier",
                            "members.23": "bjgill",
                            "members.24": "bravegrape",
                            "members.25": "jstandring-gds",
                            "members.26": "mhussein-gds",
                            "members.27": "adityapahuja",
                            "members.28": "rhowe-gds",
                            "members.29": "AmritSidhu",
                            "members.3": "issyl0",
                            "members.4": "mrwilson",
                            "members.5": "philandstuff",
                            "members.6": "chrisholmes",
                            "members.7": "thomasalanlee",
                            "members.8": "mmhmm",
                            "members.9": "tlwr",
                            "name": "verify-tech-team-approvers",
                            "permission": "pull",
                            "privacy": "closed",
                            "slug": "verify-tech-team-approvers"
                        },
                        "meta": {},
                        "tainted": false
                    },
                    "deposed": [],
                    "provider": "provider.github"
                },
                "data.github_team.tech_team": {
                    "type": "github_team",
                    "depends_on": [],
                    "primary": {
                        "id": "2830432",
                        "attributes": {
                            "description": "Verify Tech Team",
                            "id": "2830432",
                            "members.#": "30",
                            "members.0": "idrop",
                            "members.1": "46bit",
                            "members.10": "kerrr",
                            "members.11": "zilnhoj",
                            "members.12": "Todai88",
                            "members.13": "robinmitra",
                            "members.14": "brenetic",
                            "members.15": "nacnudus",
                            "members.16": "CharlesIC",
                            "members.17": "jkunle",
                            "members.18": "sakisv",
                            "members.19": "stephengrier",
                            "members.2": "galund",
                            "members.20": "ronocg",
                            "members.21": "Rosa-Fox",
                            "members.22": "AnneCarr",
                            "members.23": "ida-build-bot",
                            "members.24": "chrisclayson",
                            "members.25": "smford",
                            "members.26": "blairboy362",
                            "members.27": "Wynndow",
                            "members.28": "andy-paine",
                            "members.29": "tomrosier",
                            "members.3": "issyl0",
                            "members.4": "mrwilson",
                            "members.5": "philandstuff",
                            "members.6": "chrisholmes",
                            "members.7": "thomasalanlee",
                            "members.8": "mmhmm",
                            "members.9": "tlwr",
                            "name": "verify-tech-team",
                            "permission": "pull",
                            "privacy": "closed",
                            "slug": "verify-tech-team"
                        },
                        "meta": {},
                        "tainted": false
                    },
                    "deposed": [],
                    "provider": "provider.github"
                },
                "github_team_membership.team_membership.0": {
                    "type": "github_team_membership",
                    "depends_on": [],
                    "primary": {
                        "id": "2826122:adityapahuja",
                        "attributes": {
                            "etag": "W/\"255059ef9f0876d71ece9fd3e9391dcd\"",
                            "id": "2826122:adityapahuja",
                            "role": "member",
                            "team_id": "2826122",
                            "username": "adityapahuja"
                        },
                        "meta": {},
                        "tainted": false
                    },
                    "deposed": [],
                    "provider": "provider.github"
                },
                "github_team_membership.team_membership.1": {
                    "type": "github_team_membership",
                    "depends_on": [],
                    "primary": {
                        "id": "2826127:adityapahuja",
                        "attributes": {
                            "etag": "W/\"a320e020fd3f2007abdaedadd232cae4\"",
                            "id": "2826127:adityapahuja",
                            "role": "member",
                            "team_id": "2826127",
                            "username": "adityapahuja"
                        },
                        "meta": {},
                        "tainted": false
                    },
                    "deposed": [],
                    "provider": "provider.github"
                },
                "github_team_membership.tech_team_approver": {
                    "type": "github_team_membership",
                    "depends_on": [
                        "data.github_team.approvers_team"
                    ],
                    "primary": {
                        "id": "3101758:adityapahuja",
                        "attributes": {
                            "etag": "W/\"18381514834e9bbf730580d26bd3dbed\"",
                            "id": "3101758:adityapahuja",
                            "role": "member",
                            "team_id": "3101758",
                            "username": "adityapahuja"
                        },
                        "meta": {},
                        "tainted": false
                    },
                    "deposed": [],
                    "provider": "provider.github"
                }
            },
            "depends_on": []
        },
        {
            "path": [
                "root",
                "user_alan_gds"
            ],
            "outputs": {},
            "resources": {
                "data.github_team.approvers_team": {
                    "type": "github_team",
                    "depends_on": [],
                    "primary": {
                        "id": "3101758",
                        "attributes": {
                            "description": "Verify tech team: verify-tech-team-approvers",
                            "id": "3101758",
                            "members.#": "30",
                            "members.0": "idrop",
                            "members.1": "46bit",
                            "members.10": "kerrr",
                            "members.11": "robinmitra",
                            "members.12": "brenetic",
                            "members.13": "CharlesIC",
                            "members.14": "sakisv",
                            "members.15": "ronocg",
                            "members.16": "Rosa-Fox",
                            "members.17": "chrisclayson",
                            "members.18": "smford",
                            "members.19": "blairboy362",
                            "members.2": "galund",
                            "members.20": "Wynndow",
                            "members.21": "andy-paine",
                            "members.22": "tomrosier",
                            "members.23": "bjgill",
                            "members.24": "bravegrape",
                            "members.25": "jstandring-gds",
                            "members.26": "mhussein-gds",
                            "members.27": "adityapahuja",
                            "members.28": "rhowe-gds",
                            "members.29": "AmritSidhu",
                            "members.3": "issyl0",
                            "members.4": "mrwilson",
                            "members.5": "philandstuff",
                            "members.6": "chrisholmes",
                            "members.7": "thomasalanlee",
                            "members.8": "mmhmm",
                            "members.9": "tlwr",
                            "name": "verify-tech-team-approvers",
                            "permission": "pull",
                            "privacy": "closed",
                            "slug": "verify-tech-team-approvers"
                        },
                        "meta": {},
                        "tainted": false
                    },
                    "deposed": [],
                    "provider": "provider.github"
                },
                "data.github_team.tech_team": {
                    "type": "github_team",
                    "depends_on": [],
                    "primary": {
                        "id": "2830432",
                        "attributes": {
                            "description": "Verify Tech Team",
                            "id": "2830432",
                            "members.#": "30",
                            "members.0": "idrop",
                            "members.1": "46bit",
                            "members.10": "kerrr",
                            "members.11": "zilnhoj",
                            "members.12": "Todai88",
                            "members.13": "robinmitra",
                            "members.14": "brenetic",
                            "members.15": "nacnudus",
                            "members.16": "CharlesIC",
                            "members.17": "jkunle",
                            "members.18": "sakisv",
                            "members.19": "stephengrier",
                            "members.2": "galund",
                            "members.20": "ronocg",
                            "members.21": "Rosa-Fox",
                            "members.22": "AnneCarr",
                            "members.23": "ida-build-bot",
                            "members.24": "chrisclayson",
                            "members.25": "smford",
                            "members.26": "blairboy362",
                            "members.27": "Wynndow",
                            "members.28": "andy-paine",
                            "members.29": "tomrosier",
                            "members.3": "issyl0",
                            "members.4": "mrwilson",
                            "members.5": "philandstuff",
                            "members.6": "chrisholmes",
                            "members.7": "thomasalanlee",
                            "members.8": "mmhmm",
                            "members.9": "tlwr",
                            "name": "verify-tech-team",
                            "permission": "pull",
                            "privacy": "closed",
                            "slug": "verify-tech-team"
                        },
                        "meta": {},
                        "tainted": false
                    },
                    "deposed": [],
                    "provider": "provider.github"
                },
                "github_team_membership.team_membership": {
                    "type": "github_team_membership",
                    "depends_on": [],
                    "primary": {
                        "id": "2826122:alan-gds",
                        "attributes": {
                            "etag": "W/\"d0e42107fb534dd9a41f9231a7bec0cc\"",
                            "id": "2826122:alan-gds",
                            "role": "member",
                            "team_id": "2826122",
                            "username": "alan-gds"
                        },
                        "meta": {},
                        "tainted": false
                    },
                    "deposed": [],
                    "provider": "provider.github"
                },
                "github_team_membership.tech_team_approver": {
                    "type": "github_team_membership",
                    "depends_on": [
                        "data.github_team.approvers_team"
                    ],
                    "primary": {
                        "id": "3101758:alan-gds",
                        "attributes": {
                            "etag": "W/\"e13dd2931bdefbf8b3abfe51677b457a\"",
                            "id": "3101758:alan-gds",
                            "role": "member",
                            "team_id": "3101758",
                            "username": "alan-gds"
                        },
                        "meta": {},
                        "tainted": false
                    },
                    "deposed": [],
                    "provider": "provider.github"
                }
            },
            "depends_on": []
        },
        {
            "path": [
                "root",
                "user_alex_monk"
            ],
            "outputs": {},
            "resources": {
                "data.github_team.approvers_team": {
                    "type": "github_team",
                    "depends_on": [],
                    "primary": {
                        "id": "3101758",
                        "attributes": {
                            "description": "Verify tech team: verify-tech-team-approvers",
                            "id": "3101758",
                            "members.#": "30",
                            "members.0": "idrop",
                            "members.1": "46bit",
                            "members.10": "kerrr",
                            "members.11": "robinmitra",
                            "members.12": "brenetic",
                            "members.13": "CharlesIC",
                            "members.14": "sakisv",
                            "members.15": "ronocg",
                            "members.16": "Rosa-Fox",
                            "members.17": "chrisclayson",
                            "members.18": "smford",
                            "members.19": "blairboy362",
                            "members.2": "galund",
                            "members.20": "Wynndow",
                            "members.21": "andy-paine",
                            "members.22": "tomrosier",
                            "members.23": "bjgill",
                            "members.24": "bravegrape",
                            "members.25": "jstandring-gds",
                            "members.26": "mhussein-gds",
                            "members.27": "adityapahuja",
                            "members.28": "rhowe-gds",
                            "members.29": "AmritSidhu",
                            "members.3": "issyl0",
                            "members.4": "mrwilson",
                            "members.5": "philandstuff",
                            "members.6": "chrisholmes",
                            "members.7": "thomasalanlee",
                            "members.8": "mmhmm",
                            "members.9": "tlwr",
                            "name": "verify-tech-team-approvers",
                            "permission": "pull",
                            "privacy": "closed",
                            "slug": "verify-tech-team-approvers"
                        },
                        "meta": {},
                        "tainted": false
                    },
                    "deposed": [],
                    "provider": "provider.github"
                },
                "data.github_team.tech_team": {
                    "type": "github_team",
                    "depends_on": [],
                    "primary": {
                        "id": "2830432",
                        "attributes": {
                            "description": "Verify Tech Team",
                            "id": "2830432",
                            "members.#": "30",
                            "members.0": "idrop",
                            "members.1": "46bit",
                            "members.10": "kerrr",
                            "members.11": "zilnhoj",
                            "members.12": "Todai88",
                            "members.13": "robinmitra",
                            "members.14": "brenetic",
                            "members.15": "nacnudus",
                            "members.16": "CharlesIC",
                            "members.17": "jkunle",
                            "members.18": "sakisv",
                            "members.19": "stephengrier",
                            "members.2": "galund",
                            "members.20": "ronocg",
                            "members.21": "Rosa-Fox",
                            "members.22": "AnneCarr",
                            "members.23": "ida-build-bot",
                            "members.24": "chrisclayson",
                            "members.25": "smford",
                            "members.26": "blairboy362",
                            "members.27": "Wynndow",
                            "members.28": "andy-paine",
                            "members.29": "tomrosier",
                            "members.3": "issyl0",
                            "members.4": "mrwilson",
                            "members.5": "philandstuff",
                            "members.6": "chrisholmes",
                            "members.7": "thomasalanlee",
                            "members.8": "mmhmm",
                            "members.9": "tlwr",
                            "name": "verify-tech-team",
                            "permission": "pull",
                            "privacy": "closed",
                            "slug": "verify-tech-team"
                        },
                        "meta": {},
                        "tainted": false
                    },
                    "deposed": [],
                    "provider": "provider.github"
                },
                "github_team_membership.team_membership.0": {
                    "type": "github_team_membership",
                    "depends_on": [],
                    "primary": {
                        "id": "2826122:Krenair",
                        "attributes": {
                            "etag": "W/\"44a27062b19044166375f3f6d02da817\"",
                            "id": "2826122:Krenair",
                            "role": "member",
                            "team_id": "2826122",
                            "username": "Krenair"
                        },
                        "meta": {},
                        "tainted": false
                    },
                    "deposed": [],
                    "provider": "provider.github"
                },
                "github_team_membership.team_membership.1": {
                    "type": "github_team_membership",
                    "depends_on": [],
                    "primary": {
                        "id": "2826127:Krenair",
                        "attributes": {
                            "etag": "W/\"4e7a90ad06d96c8bca06fd420806ea9f\"",
                            "id": "2826127:Krenair",
                            "role": "member",
                            "team_id": "2826127",
                            "username": "Krenair"
                        },
                        "meta": {},
                        "tainted": false
                    },
                    "deposed": [],
                    "provider": "provider.github"
                },
                "github_team_membership.tech_team_approver": {
                    "type": "github_team_membership",
                    "depends_on": [
                        "data.github_team.approvers_team"
                    ],
                    "primary": {
                        "id": "3101758:Krenair",
                        "attributes": {
                            "etag": "W/\"212ce79129ba3a13e477d8293d8c1807\"",
                            "id": "3101758:Krenair",
                            "role": "member",
                            "team_id": "3101758",
                            "username": "Krenair"
                        },
                        "meta": {},
                        "tainted": false
                    },
                    "deposed": [],
                    "provider": "provider.github"
                }
            },
            "depends_on": []
        },
        {
            "path": [
                "root",
                "user_alexandergeegds"
            ],
            "outputs": {},
            "resources": {
                "data.github_team.approvers_team": {
                    "type": "github_team",
                    "depends_on": [],
                    "primary": {
                        "id": "3101758",
                        "attributes": {
                            "description": "Verify tech team: verify-tech-team-approvers",
                            "id": "3101758",
                            "members.#": "30",
                            "members.0": "idrop",
                            "members.1": "46bit",
                            "members.10": "kerrr",
                            "members.11": "robinmitra",
                            "members.12": "brenetic",
                            "members.13": "CharlesIC",
                            "members.14": "sakisv",
                            "members.15": "ronocg",
                            "members.16": "Rosa-Fox",
                            "members.17": "chrisclayson",
                            "members.18": "smford",
                            "members.19": "blairboy362",
                            "members.2": "galund",
                            "members.20": "Wynndow",
                            "members.21": "andy-paine",
                            "members.22": "tomrosier",
                            "members.23": "bjgill",
                            "members.24": "bravegrape",
                            "members.25": "jstandring-gds",
                            "members.26": "mhussein-gds",
                            "members.27": "adityapahuja",
                            "members.28": "rhowe-gds",
                            "members.29": "AmritSidhu",
                            "members.3": "issyl0",
                            "members.4": "mrwilson",
                            "members.5": "philandstuff",
                            "members.6": "chrisholmes",
                            "members.7": "thomasalanlee",
                            "members.8": "mmhmm",
                            "members.9": "tlwr",
                            "name": "verify-tech-team-approvers",
                            "permission": "pull",
                            "privacy": "closed",
                            "slug": "verify-tech-team-approvers"
                        },
                        "meta": {},
                        "tainted": false
                    },
                    "deposed": [],
                    "provider": "provider.github"
                },
                "data.github_team.tech_team": {
                    "type": "github_team",
                    "depends_on": [],
                    "primary": {
                        "id": "2830432",
                        "attributes": {
                            "description": "Verify Tech Team",
                            "id": "2830432",
                            "members.#": "30",
                            "members.0": "idrop",
                            "members.1": "46bit",
                            "members.10": "kerrr",
                            "members.11": "zilnhoj",
                            "members.12": "Todai88",
                            "members.13": "robinmitra",
                            "members.14": "brenetic",
                            "members.15": "nacnudus",
                            "members.16": "CharlesIC",
                            "members.17": "jkunle",
                            "members.18": "sakisv",
                            "members.19": "stephengrier",
                            "members.2": "galund",
                            "members.20": "ronocg",
                            "members.21": "Rosa-Fox",
                            "members.22": "AnneCarr",
                            "members.23": "ida-build-bot",
                            "members.24": "chrisclayson",
                            "members.25": "smford",
                            "members.26": "blairboy362",
                            "members.27": "Wynndow",
                            "members.28": "andy-paine",
                            "members.29": "tomrosier",
                            "members.3": "issyl0",
                            "members.4": "mrwilson",
                            "members.5": "philandstuff",
                            "members.6": "chrisholmes",
                            "members.7": "thomasalanlee",
                            "members.8": "mmhmm",
                            "members.9": "tlwr",
                            "name": "verify-tech-team",
                            "permission": "pull",
                            "privacy": "closed",
                            "slug": "verify-tech-team"
                        },
                        "meta": {},
                        "tainted": false
                    },
                    "deposed": [],
                    "provider": "provider.github"
                },
                "github_team_membership.team_membership": {
                    "type": "github_team_membership",
                    "depends_on": [],
                    "primary": {
                        "id": "2826122:alexandergeegds",
                        "attributes": {
                            "etag": "W/\"dbfcf01a347d728433ffa620ffcda4f1\"",
                            "id": "2826122:alexandergeegds",
                            "role": "member",
                            "team_id": "2826122",
                            "username": "alexandergeegds"
                        },
                        "meta": {},
                        "tainted": false
                    },
                    "deposed": [],
                    "provider": "provider.github"
                },
                "github_team_membership.tech_team_approver": {
                    "type": "github_team_membership",
                    "depends_on": [
                        "data.github_team.approvers_team"
                    ],
                    "primary": {
                        "id": "3101758:alexandergeegds",
                        "attributes": {
                            "etag": "W/\"dcd242adf07dad1e3f020915d3bba94b\"",
                            "id": "3101758:alexandergeegds",
                            "role": "member",
                            "team_id": "3101758",
                            "username": "alexandergeegds"
                        },
                        "meta": {},
                        "tainted": false
                    },
                    "deposed": [],
                    "provider": "provider.github"
                }
            },
            "depends_on": []
        },
        {
            "path": [
                "root",
                "user_amritsidhu"
            ],
            "outputs": {},
            "resources": {
                "data.github_team.approvers_team": {
                    "type": "github_team",
                    "depends_on": [],
                    "primary": {
                        "id": "3101758",
                        "attributes": {
                            "description": "Verify tech team: verify-tech-team-approvers",
                            "id": "3101758",
                            "members.#": "30",
                            "members.0": "idrop",
                            "members.1": "46bit",
                            "members.10": "kerrr",
                            "members.11": "robinmitra",
                            "members.12": "brenetic",
                            "members.13": "CharlesIC",
                            "members.14": "sakisv",
                            "members.15": "ronocg",
                            "members.16": "Rosa-Fox",
                            "members.17": "chrisclayson",
                            "members.18": "smford",
                            "members.19": "blairboy362",
                            "members.2": "galund",
                            "members.20": "Wynndow",
                            "members.21": "andy-paine",
                            "members.22": "tomrosier",
                            "members.23": "bjgill",
                            "members.24": "bravegrape",
                            "members.25": "jstandring-gds",
                            "members.26": "mhussein-gds",
                            "members.27": "adityapahuja",
                            "members.28": "rhowe-gds",
                            "members.29": "AmritSidhu",
                            "members.3": "issyl0",
                            "members.4": "mrwilson",
                            "members.5": "philandstuff",
                            "members.6": "chrisholmes",
                            "members.7": "thomasalanlee",
                            "members.8": "mmhmm",
                            "members.9": "tlwr",
                            "name": "verify-tech-team-approvers",
                            "permission": "pull",
                            "privacy": "closed",
                            "slug": "verify-tech-team-approvers"
                        },
                        "meta": {},
                        "tainted": false
                    },
                    "deposed": [],
                    "provider": "provider.github"
                },
                "data.github_team.tech_team": {
                    "type": "github_team",
                    "depends_on": [],
                    "primary": {
                        "id": "2830432",
                        "attributes": {
                            "description": "Verify Tech Team",
                            "id": "2830432",
                            "members.#": "30",
                            "members.0": "idrop",
                            "members.1": "46bit",
                            "members.10": "kerrr",
                            "members.11": "zilnhoj",
                            "members.12": "Todai88",
                            "members.13": "robinmitra",
                            "members.14": "brenetic",
                            "members.15": "nacnudus",
                            "members.16": "CharlesIC",
                            "members.17": "jkunle",
                            "members.18": "sakisv",
                            "members.19": "stephengrier",
                            "members.2": "galund",
                            "members.20": "ronocg",
                            "members.21": "Rosa-Fox",
                            "members.22": "AnneCarr",
                            "members.23": "ida-build-bot",
                            "members.24": "chrisclayson",
                            "members.25": "smford",
                            "members.26": "blairboy362",
                            "members.27": "Wynndow",
                            "members.28": "andy-paine",
                            "members.29": "tomrosier",
                            "members.3": "issyl0",
                            "members.4": "mrwilson",
                            "members.5": "philandstuff",
                            "members.6": "chrisholmes",
                            "members.7": "thomasalanlee",
                            "members.8": "mmhmm",
                            "members.9": "tlwr",
                            "name": "verify-tech-team",
                            "permission": "pull",
                            "privacy": "closed",
                            "slug": "verify-tech-team"
                        },
                        "meta": {},
                        "tainted": false
                    },
                    "deposed": [],
                    "provider": "provider.github"
                },
                "github_team_membership.team_membership": {
                    "type": "github_team_membership",
                    "depends_on": [],
                    "primary": {
                        "id": "2826122:AmritSidhu",
                        "attributes": {
                            "etag": "W/\"7636ee4ba94220a6ba6048a3a1fe5df6\"",
                            "id": "2826122:AmritSidhu",
                            "role": "member",
                            "team_id": "2826122",
                            "username": "AmritSidhu"
                        },
                        "meta": {},
                        "tainted": false
                    },
                    "deposed": [],
                    "provider": "provider.github"
                },
                "github_team_membership.tech_team_approver": {
                    "type": "github_team_membership",
                    "depends_on": [
                        "data.github_team.approvers_team"
                    ],
                    "primary": {
                        "id": "3101758:AmritSidhu",
                        "attributes": {
                            "etag": "W/\"5af795cbc6761ec469896f2252c2eb65\"",
                            "id": "3101758:AmritSidhu",
                            "role": "member",
                            "team_id": "3101758",
                            "username": "AmritSidhu"
                        },
                        "meta": {},
                        "tainted": false
                    },
                    "deposed": [],
                    "provider": "provider.github"
                }
            },
            "depends_on": []
        },
        {
            "path": [
                "root",
                "user_andy_paine"
            ],
            "outputs": {},
            "resources": {
                "data.github_team.approvers_team": {
                    "type": "github_team",
                    "depends_on": [],
                    "primary": {
                        "id": "3101758",
                        "attributes": {
                            "description": "Verify tech team: verify-tech-team-approvers",
                            "id": "3101758",
                            "members.#": "30",
                            "members.0": "idrop",
                            "members.1": "46bit",
                            "members.10": "kerrr",
                            "members.11": "robinmitra",
                            "members.12": "brenetic",
                            "members.13": "CharlesIC",
                            "members.14": "sakisv",
                            "members.15": "ronocg",
                            "members.16": "Rosa-Fox",
                            "members.17": "chrisclayson",
                            "members.18": "smford",
                            "members.19": "blairboy362",
                            "members.2": "galund",
                            "members.20": "Wynndow",
                            "members.21": "andy-paine",
                            "members.22": "tomrosier",
                            "members.23": "bjgill",
                            "members.24": "bravegrape",
                            "members.25": "jstandring-gds",
                            "members.26": "mhussein-gds",
                            "members.27": "adityapahuja",
                            "members.28": "rhowe-gds",
                            "members.29": "AmritSidhu",
                            "members.3": "issyl0",
                            "members.4": "mrwilson",
                            "members.5": "philandstuff",
                            "members.6": "chrisholmes",
                            "members.7": "thomasalanlee",
                            "members.8": "mmhmm",
                            "members.9": "tlwr",
                            "name": "verify-tech-team-approvers",
                            "permission": "pull",
                            "privacy": "closed",
                            "slug": "verify-tech-team-approvers"
                        },
                        "meta": {},
                        "tainted": false
                    },
                    "deposed": [],
                    "provider": "provider.github"
                },
                "data.github_team.tech_team": {
                    "type": "github_team",
                    "depends_on": [],
                    "primary": {
                        "id": "2830432",
                        "attributes": {
                            "description": "Verify Tech Team",
                            "id": "2830432",
                            "members.#": "30",
                            "members.0": "idrop",
                            "members.1": "46bit",
                            "members.10": "kerrr",
                            "members.11": "zilnhoj",
                            "members.12": "Todai88",
                            "members.13": "robinmitra",
                            "members.14": "brenetic",
                            "members.15": "nacnudus",
                            "members.16": "CharlesIC",
                            "members.17": "jkunle",
                            "members.18": "sakisv",
                            "members.19": "stephengrier",
                            "members.2": "galund",
                            "members.20": "ronocg",
                            "members.21": "Rosa-Fox",
                            "members.22": "AnneCarr",
                            "members.23": "ida-build-bot",
                            "members.24": "chrisclayson",
                            "members.25": "smford",
                            "members.26": "blairboy362",
                            "members.27": "Wynndow",
                            "members.28": "andy-paine",
                            "members.29": "tomrosier",
                            "members.3": "issyl0",
                            "members.4": "mrwilson",
                            "members.5": "philandstuff",
                            "members.6": "chrisholmes",
                            "members.7": "thomasalanlee",
                            "members.8": "mmhmm",
                            "members.9": "tlwr",
                            "name": "verify-tech-team",
                            "permission": "pull",
                            "privacy": "closed",
                            "slug": "verify-tech-team"
                        },
                        "meta": {},
                        "tainted": false
                    },
                    "deposed": [],
                    "provider": "provider.github"
                },
                "github_team_membership.team_membership.0": {
                    "type": "github_team_membership",
                    "depends_on": [],
                    "primary": {
                        "id": "2826122:andy-paine",
                        "attributes": {
                            "etag": "W/\"8b00e3a7d0f877b821d7424fe92f0d80\"",
                            "id": "2826122:andy-paine",
                            "role": "member",
                            "team_id": "2826122",
                            "username": "andy-paine"
                        },
                        "meta": {},
                        "tainted": false
                    },
                    "deposed": [],
                    "provider": "provider.github"
                },
                "github_team_membership.team_membership.1": {
                    "type": "github_team_membership",
                    "depends_on": [],
                    "primary": {
                        "id": "2826127:andy-paine",
                        "attributes": {
                            "etag": "W/\"54f5a8188c2147c1ac85fea8d68d4c29\"",
                            "id": "2826127:andy-paine",
                            "role": "member",
                            "team_id": "2826127",
                            "username": "andy-paine"
                        },
                        "meta": {},
                        "tainted": false
                    },
                    "deposed": [],
                    "provider": "provider.github"
                },
                "github_team_membership.tech_team_approver": {
                    "type": "github_team_membership",
                    "depends_on": [
                        "data.github_team.approvers_team"
                    ],
                    "primary": {
                        "id": "3101758:andy-paine",
                        "attributes": {
                            "etag": "W/\"96294802245f6e719e5b080835686653\"",
                            "id": "3101758:andy-paine",
                            "role": "member",
                            "team_id": "3101758",
                            "username": "andy-paine"
                        },
                        "meta": {},
                        "tainted": false
                    },
                    "deposed": [],
                    "provider": "provider.github"
                }
            },
            "depends_on": []
        },
        {
            "path": [
                "root",
                "user_annecarr"
            ],
            "outputs": {},
            "resources": {
                "data.github_team.approvers_team": {
                    "type": "github_team",
                    "depends_on": [],
                    "primary": {
                        "id": "3101758",
                        "attributes": {
                            "description": "Verify tech team: verify-tech-team-approvers",
                            "id": "3101758",
                            "members.#": "30",
                            "members.0": "idrop",
                            "members.1": "46bit",
                            "members.10": "kerrr",
                            "members.11": "robinmitra",
                            "members.12": "brenetic",
                            "members.13": "CharlesIC",
                            "members.14": "sakisv",
                            "members.15": "ronocg",
                            "members.16": "Rosa-Fox",
                            "members.17": "chrisclayson",
                            "members.18": "smford",
                            "members.19": "blairboy362",
                            "members.2": "galund",
                            "members.20": "Wynndow",
                            "members.21": "andy-paine",
                            "members.22": "tomrosier",
                            "members.23": "bjgill",
                            "members.24": "bravegrape",
                            "members.25": "jstandring-gds",
                            "members.26": "mhussein-gds",
                            "members.27": "adityapahuja",
                            "members.28": "rhowe-gds",
                            "members.29": "AmritSidhu",
                            "members.3": "issyl0",
                            "members.4": "mrwilson",
                            "members.5": "philandstuff",
                            "members.6": "chrisholmes",
                            "members.7": "thomasalanlee",
                            "members.8": "mmhmm",
                            "members.9": "tlwr",
                            "name": "verify-tech-team-approvers",
                            "permission": "pull",
                            "privacy": "closed",
                            "slug": "verify-tech-team-approvers"
                        },
                        "meta": {},
                        "tainted": false
                    },
                    "deposed": [],
                    "provider": "provider.github"
                },
                "data.github_team.tech_team": {
                    "type": "github_team",
                    "depends_on": [],
                    "primary": {
                        "id": "2830432",
                        "attributes": {
                            "description": "Verify Tech Team",
                            "id": "2830432",
                            "members.#": "30",
                            "members.0": "idrop",
                            "members.1": "46bit",
                            "members.10": "kerrr",
                            "members.11": "zilnhoj",
                            "members.12": "Todai88",
                            "members.13": "robinmitra",
                            "members.14": "brenetic",
                            "members.15": "nacnudus",
                            "members.16": "CharlesIC",
                            "members.17": "jkunle",
                            "members.18": "sakisv",
                            "members.19": "stephengrier",
                            "members.2": "galund",
                            "members.20": "ronocg",
                            "members.21": "Rosa-Fox",
                            "members.22": "AnneCarr",
                            "members.23": "ida-build-bot",
                            "members.24": "chrisclayson",
                            "members.25": "smford",
                            "members.26": "blairboy362",
                            "members.27": "Wynndow",
                            "members.28": "andy-paine",
                            "members.29": "tomrosier",
                            "members.3": "issyl0",
                            "members.4": "mrwilson",
                            "members.5": "philandstuff",
                            "members.6": "chrisholmes",
                            "members.7": "thomasalanlee",
                            "members.8": "mmhmm",
                            "members.9": "tlwr",
                            "name": "verify-tech-team",
                            "permission": "pull",
                            "privacy": "closed",
                            "slug": "verify-tech-team"
                        },
                        "meta": {},
                        "tainted": false
                    },
                    "deposed": [],
                    "provider": "provider.github"
                },
                "github_team_membership.team_membership": {
                    "type": "github_team_membership",
                    "depends_on": [],
                    "primary": {
                        "id": "2826122:AnneCarr",
                        "attributes": {
                            "etag": "W/\"3bcdf692f76b7a5ca06f7abd221ffedb\"",
                            "id": "2826122:AnneCarr",
                            "role": "member",
                            "team_id": "2826122",
                            "username": "AnneCarr"
                        },
                        "meta": {},
                        "tainted": false
                    },
                    "deposed": [],
                    "provider": "provider.github"
                }
            },
            "depends_on": []
        },
        {
            "path": [
                "root",
                "user_benjamin_mortimer"
            ],
            "outputs": {},
            "resources": {
                "data.github_team.approvers_team": {
                    "type": "github_team",
                    "depends_on": [],
                    "primary": {
                        "id": "3101758",
                        "attributes": {
                            "description": "Verify tech team: verify-tech-team-approvers",
                            "id": "3101758",
                            "members.#": "30",
                            "members.0": "idrop",
                            "members.1": "46bit",
                            "members.10": "kerrr",
                            "members.11": "robinmitra",
                            "members.12": "brenetic",
                            "members.13": "CharlesIC",
                            "members.14": "sakisv",
                            "members.15": "ronocg",
                            "members.16": "Rosa-Fox",
                            "members.17": "chrisclayson",
                            "members.18": "smford",
                            "members.19": "blairboy362",
                            "members.2": "galund",
                            "members.20": "Wynndow",
                            "members.21": "andy-paine",
                            "members.22": "tomrosier",
                            "members.23": "bjgill",
                            "members.24": "bravegrape",
                            "members.25": "jstandring-gds",
                            "members.26": "mhussein-gds",
                            "members.27": "adityapahuja",
                            "members.28": "rhowe-gds",
                            "members.29": "AmritSidhu",
                            "members.3": "issyl0",
                            "members.4": "mrwilson",
                            "members.5": "philandstuff",
                            "members.6": "chrisholmes",
                            "members.7": "thomasalanlee",
                            "members.8": "mmhmm",
                            "members.9": "tlwr",
                            "name": "verify-tech-team-approvers",
                            "permission": "pull",
                            "privacy": "closed",
                            "slug": "verify-tech-team-approvers"
                        },
                        "meta": {},
                        "tainted": false
                    },
                    "deposed": [],
                    "provider": "provider.github"
                },
                "data.github_team.tech_team": {
                    "type": "github_team",
                    "depends_on": [],
                    "primary": {
                        "id": "2830432",
                        "attributes": {
                            "description": "Verify Tech Team",
                            "id": "2830432",
                            "members.#": "30",
                            "members.0": "idrop",
                            "members.1": "46bit",
                            "members.10": "kerrr",
                            "members.11": "zilnhoj",
                            "members.12": "Todai88",
                            "members.13": "robinmitra",
                            "members.14": "brenetic",
                            "members.15": "nacnudus",
                            "members.16": "CharlesIC",
                            "members.17": "jkunle",
                            "members.18": "sakisv",
                            "members.19": "stephengrier",
                            "members.2": "galund",
                            "members.20": "ronocg",
                            "members.21": "Rosa-Fox",
                            "members.22": "AnneCarr",
                            "members.23": "ida-build-bot",
                            "members.24": "chrisclayson",
                            "members.25": "smford",
                            "members.26": "blairboy362",
                            "members.27": "Wynndow",
                            "members.28": "andy-paine",
                            "members.29": "tomrosier",
                            "members.3": "issyl0",
                            "members.4": "mrwilson",
                            "members.5": "philandstuff",
                            "members.6": "chrisholmes",
                            "members.7": "thomasalanlee",
                            "members.8": "mmhmm",
                            "members.9": "tlwr",
                            "name": "verify-tech-team",
                            "permission": "pull",
                            "privacy": "closed",
                            "slug": "verify-tech-team"
                        },
                        "meta": {},
                        "tainted": false
                    },
                    "deposed": [],
                    "provider": "provider.github"
                },
                "github_team_membership.team_membership.0": {
                    "type": "github_team_membership",
                    "depends_on": [],
                    "primary": {
                        "id": "2826122:benjamin-mortimer",
                        "attributes": {
                            "etag": "W/\"acbe5164469d13751ec6b3d576291677\"",
                            "id": "2826122:benjamin-mortimer",
                            "role": "member",
                            "team_id": "2826122",
                            "username": "benjamin-mortimer"
                        },
                        "meta": {},
                        "tainted": false
                    },
                    "deposed": [],
                    "provider": "provider.github"
                },
                "github_team_membership.team_membership.1": {
                    "type": "github_team_membership",
                    "depends_on": [],
                    "primary": {
                        "id": "2826126:benjamin-mortimer",
                        "attributes": {
                            "etag": "W/\"9d80cf99debdda65b2df1380b24eceb8\"",
                            "id": "2826126:benjamin-mortimer",
                            "role": "member",
                            "team_id": "2826126",
                            "username": "benjamin-mortimer"
                        },
                        "meta": {},
                        "tainted": false
                    },
                    "deposed": [],
                    "provider": "provider.github"
                }
            },
            "depends_on": []
        },
        {
            "path": [
                "root",
                "user_bjgill"
            ],
            "outputs": {},
            "resources": {
                "data.github_team.approvers_team": {
                    "type": "github_team",
                    "depends_on": [],
                    "primary": {
                        "id": "3101758",
                        "attributes": {
                            "description": "Verify tech team: verify-tech-team-approvers",
                            "id": "3101758",
                            "members.#": "30",
                            "members.0": "idrop",
                            "members.1": "46bit",
                            "members.10": "kerrr",
                            "members.11": "robinmitra",
                            "members.12": "brenetic",
                            "members.13": "CharlesIC",
                            "members.14": "sakisv",
                            "members.15": "ronocg",
                            "members.16": "Rosa-Fox",
                            "members.17": "chrisclayson",
                            "members.18": "smford",
                            "members.19": "blairboy362",
                            "members.2": "galund",
                            "members.20": "Wynndow",
                            "members.21": "andy-paine",
                            "members.22": "tomrosier",
                            "members.23": "bjgill",
                            "members.24": "bravegrape",
                            "members.25": "jstandring-gds",
                            "members.26": "mhussein-gds",
                            "members.27": "adityapahuja",
                            "members.28": "rhowe-gds",
                            "members.29": "AmritSidhu",
                            "members.3": "issyl0",
                            "members.4": "mrwilson",
                            "members.5": "philandstuff",
                            "members.6": "chrisholmes",
                            "members.7": "thomasalanlee",
                            "members.8": "mmhmm",
                            "members.9": "tlwr",
                            "name": "verify-tech-team-approvers",
                            "permission": "pull",
                            "privacy": "closed",
                            "slug": "verify-tech-team-approvers"
                        },
                        "meta": {},
                        "tainted": false
                    },
                    "deposed": [],
                    "provider": "provider.github"
                },
                "data.github_team.tech_team": {
                    "type": "github_team",
                    "depends_on": [],
                    "primary": {
                        "id": "2830432",
                        "attributes": {
                            "description": "Verify Tech Team",
                            "id": "2830432",
                            "members.#": "30",
                            "members.0": "idrop",
                            "members.1": "46bit",
                            "members.10": "kerrr",
                            "members.11": "zilnhoj",
                            "members.12": "Todai88",
                            "members.13": "robinmitra",
                            "members.14": "brenetic",
                            "members.15": "nacnudus",
                            "members.16": "CharlesIC",
                            "members.17": "jkunle",
                            "members.18": "sakisv",
                            "members.19": "stephengrier",
                            "members.2": "galund",
                            "members.20": "ronocg",
                            "members.21": "Rosa-Fox",
                            "members.22": "AnneCarr",
                            "members.23": "ida-build-bot",
                            "members.24": "chrisclayson",
                            "members.25": "smford",
                            "members.26": "blairboy362",
                            "members.27": "Wynndow",
                            "members.28": "andy-paine",
                            "members.29": "tomrosier",
                            "members.3": "issyl0",
                            "members.4": "mrwilson",
                            "members.5": "philandstuff",
                            "members.6": "chrisholmes",
                            "members.7": "thomasalanlee",
                            "members.8": "mmhmm",
                            "members.9": "tlwr",
                            "name": "verify-tech-team",
                            "permission": "pull",
                            "privacy": "closed",
                            "slug": "verify-tech-team"
                        },
                        "meta": {},
                        "tainted": false
                    },
                    "deposed": [],
                    "provider": "provider.github"
                },
                "github_team_membership.team_membership": {
                    "type": "github_team_membership",
                    "depends_on": [],
                    "primary": {
                        "id": "2826122:bjgill",
                        "attributes": {
                            "etag": "W/\"bae9b5513a6614213b6b13fb5094f710\"",
                            "id": "2826122:bjgill",
                            "role": "member",
                            "team_id": "2826122",
                            "username": "bjgill"
                        },
                        "meta": {},
                        "tainted": false
                    },
                    "deposed": [],
                    "provider": "provider.github"
                },
                "github_team_membership.tech_team_approver": {
                    "type": "github_team_membership",
                    "depends_on": [
                        "data.github_team.approvers_team"
                    ],
                    "primary": {
                        "id": "3101758:bjgill",
                        "attributes": {
                            "etag": "W/\"31d260d1c9c7c63288640ce4677ea28b\"",
                            "id": "3101758:bjgill",
                            "role": "member",
                            "team_id": "3101758",
                            "username": "bjgill"
                        },
                        "meta": {},
                        "tainted": false
                    },
                    "deposed": [],
                    "provider": "provider.github"
                }
            },
            "depends_on": []
        },
        {
            "path": [
                "root",
                "user_blairboy362"
            ],
            "outputs": {},
            "resources": {
                "data.github_team.approvers_team": {
                    "type": "github_team",
                    "depends_on": [],
                    "primary": {
                        "id": "3101758",
                        "attributes": {
                            "description": "Verify tech team: verify-tech-team-approvers",
                            "id": "3101758",
                            "members.#": "30",
                            "members.0": "idrop",
                            "members.1": "46bit",
                            "members.10": "kerrr",
                            "members.11": "robinmitra",
                            "members.12": "brenetic",
                            "members.13": "CharlesIC",
                            "members.14": "sakisv",
                            "members.15": "ronocg",
                            "members.16": "Rosa-Fox",
                            "members.17": "chrisclayson",
                            "members.18": "smford",
                            "members.19": "blairboy362",
                            "members.2": "galund",
                            "members.20": "Wynndow",
                            "members.21": "andy-paine",
                            "members.22": "tomrosier",
                            "members.23": "bjgill",
                            "members.24": "bravegrape",
                            "members.25": "jstandring-gds",
                            "members.26": "mhussein-gds",
                            "members.27": "adityapahuja",
                            "members.28": "rhowe-gds",
                            "members.29": "AmritSidhu",
                            "members.3": "issyl0",
                            "members.4": "mrwilson",
                            "members.5": "philandstuff",
                            "members.6": "chrisholmes",
                            "members.7": "thomasalanlee",
                            "members.8": "mmhmm",
                            "members.9": "tlwr",
                            "name": "verify-tech-team-approvers",
                            "permission": "pull",
                            "privacy": "closed",
                            "slug": "verify-tech-team-approvers"
                        },
                        "meta": {},
                        "tainted": false
                    },
                    "deposed": [],
                    "provider": "provider.github"
                },
                "data.github_team.tech_team": {
                    "type": "github_team",
                    "depends_on": [],
                    "primary": {
                        "id": "2830432",
                        "attributes": {
                            "description": "Verify Tech Team",
                            "id": "2830432",
                            "members.#": "30",
                            "members.0": "idrop",
                            "members.1": "46bit",
                            "members.10": "kerrr",
                            "members.11": "zilnhoj",
                            "members.12": "Todai88",
                            "members.13": "robinmitra",
                            "members.14": "brenetic",
                            "members.15": "nacnudus",
                            "members.16": "CharlesIC",
                            "members.17": "jkunle",
                            "members.18": "sakisv",
                            "members.19": "stephengrier",
                            "members.2": "galund",
                            "members.20": "ronocg",
                            "members.21": "Rosa-Fox",
                            "members.22": "AnneCarr",
                            "members.23": "ida-build-bot",
                            "members.24": "chrisclayson",
                            "members.25": "smford",
                            "members.26": "blairboy362",
                            "members.27": "Wynndow",
                            "members.28": "andy-paine",
                            "members.29": "tomrosier",
                            "members.3": "issyl0",
                            "members.4": "mrwilson",
                            "members.5": "philandstuff",
                            "members.6": "chrisholmes",
                            "members.7": "thomasalanlee",
                            "members.8": "mmhmm",
                            "members.9": "tlwr",
                            "name": "verify-tech-team",
                            "permission": "pull",
                            "privacy": "closed",
                            "slug": "verify-tech-team"
                        },
                        "meta": {},
                        "tainted": false
                    },
                    "deposed": [],
                    "provider": "provider.github"
                },
                "github_team_membership.team_membership": {
                    "type": "github_team_membership",
                    "depends_on": [],
                    "primary": {
                        "id": "2826127:blairboy362",
                        "attributes": {
                            "etag": "W/\"bdf3ee26f7862c2bfa4e6d3e1787409f\"",
                            "id": "2826127:blairboy362",
                            "role": "member",
                            "team_id": "2826127",
                            "username": "blairboy362"
                        },
                        "meta": {},
                        "tainted": false
                    },
                    "deposed": [],
                    "provider": "provider.github"
                },
                "github_team_membership.tech_team_approver": {
                    "type": "github_team_membership",
                    "depends_on": [
                        "data.github_team.approvers_team"
                    ],
                    "primary": {
                        "id": "3101758:blairboy362",
                        "attributes": {
                            "etag": "W/\"4f069135257343f3ab44c3fd13ce85e9\"",
                            "id": "3101758:blairboy362",
                            "role": "member",
                            "team_id": "3101758",
                            "username": "blairboy362"
                        },
                        "meta": {},
                        "tainted": false
                    },
                    "deposed": [],
                    "provider": "provider.github"
                }
            },
            "depends_on": []
        },
        {
            "path": [
                "root",
                "user_bravegrape"
            ],
            "outputs": {},
            "resources": {
                "data.github_team.approvers_team": {
                    "type": "github_team",
                    "depends_on": [],
                    "primary": {
                        "id": "3101758",
                        "attributes": {
                            "description": "Verify tech team: verify-tech-team-approvers",
                            "id": "3101758",
                            "members.#": "30",
                            "members.0": "idrop",
                            "members.1": "46bit",
                            "members.10": "kerrr",
                            "members.11": "robinmitra",
                            "members.12": "brenetic",
                            "members.13": "CharlesIC",
                            "members.14": "sakisv",
                            "members.15": "ronocg",
                            "members.16": "Rosa-Fox",
                            "members.17": "chrisclayson",
                            "members.18": "smford",
                            "members.19": "blairboy362",
                            "members.2": "galund",
                            "members.20": "Wynndow",
                            "members.21": "andy-paine",
                            "members.22": "tomrosier",
                            "members.23": "bjgill",
                            "members.24": "bravegrape",
                            "members.25": "jstandring-gds",
                            "members.26": "mhussein-gds",
                            "members.27": "adityapahuja",
                            "members.28": "rhowe-gds",
                            "members.29": "AmritSidhu",
                            "members.3": "issyl0",
                            "members.4": "mrwilson",
                            "members.5": "philandstuff",
                            "members.6": "chrisholmes",
                            "members.7": "thomasalanlee",
                            "members.8": "mmhmm",
                            "members.9": "tlwr",
                            "name": "verify-tech-team-approvers",
                            "permission": "pull",
                            "privacy": "closed",
                            "slug": "verify-tech-team-approvers"
                        },
                        "meta": {},
                        "tainted": false
                    },
                    "deposed": [],
                    "provider": "provider.github"
                },
                "data.github_team.tech_team": {
                    "type": "github_team",
                    "depends_on": [],
                    "primary": {
                        "id": "2830432",
                        "attributes": {
                            "description": "Verify Tech Team",
                            "id": "2830432",
                            "members.#": "30",
                            "members.0": "idrop",
                            "members.1": "46bit",
                            "members.10": "kerrr",
                            "members.11": "zilnhoj",
                            "members.12": "Todai88",
                            "members.13": "robinmitra",
                            "members.14": "brenetic",
                            "members.15": "nacnudus",
                            "members.16": "CharlesIC",
                            "members.17": "jkunle",
                            "members.18": "sakisv",
                            "members.19": "stephengrier",
                            "members.2": "galund",
                            "members.20": "ronocg",
                            "members.21": "Rosa-Fox",
                            "members.22": "AnneCarr",
                            "members.23": "ida-build-bot",
                            "members.24": "chrisclayson",
                            "members.25": "smford",
                            "members.26": "blairboy362",
                            "members.27": "Wynndow",
                            "members.28": "andy-paine",
                            "members.29": "tomrosier",
                            "members.3": "issyl0",
                            "members.4": "mrwilson",
                            "members.5": "philandstuff",
                            "members.6": "chrisholmes",
                            "members.7": "thomasalanlee",
                            "members.8": "mmhmm",
                            "members.9": "tlwr",
                            "name": "verify-tech-team",
                            "permission": "pull",
                            "privacy": "closed",
                            "slug": "verify-tech-team"
                        },
                        "meta": {},
                        "tainted": false
                    },
                    "deposed": [],
                    "provider": "provider.github"
                },
                "github_team_membership.team_membership": {
                    "type": "github_team_membership",
                    "depends_on": [],
                    "primary": {
                        "id": "2826122:bravegrape",
                        "attributes": {
                            "etag": "W/\"4dfa0fce85c6ac0f0f75823158f59f34\"",
                            "id": "2826122:bravegrape",
                            "role": "member",
                            "team_id": "2826122",
                            "username": "bravegrape"
                        },
                        "meta": {},
                        "tainted": false
                    },
                    "deposed": [],
                    "provider": "provider.github"
                },
                "github_team_membership.tech_team_approver": {
                    "type": "github_team_membership",
                    "depends_on": [
                        "data.github_team.approvers_team"
                    ],
                    "primary": {
                        "id": "3101758:bravegrape",
                        "attributes": {
                            "etag": "W/\"09910537aa25b19a443831b238400b90\"",
                            "id": "3101758:bravegrape",
                            "role": "member",
                            "team_id": "3101758",
                            "username": "bravegrape"
                        },
                        "meta": {},
                        "tainted": false
                    },
                    "deposed": [],
                    "provider": "provider.github"
                }
            },
            "depends_on": []
        },
        {
            "path": [
                "root",
                "user_brenetic"
            ],
            "outputs": {},
            "resources": {
                "data.github_team.approvers_team": {
                    "type": "github_team",
                    "depends_on": [],
                    "primary": {
                        "id": "3101758",
                        "attributes": {
                            "description": "Verify tech team: verify-tech-team-approvers",
                            "id": "3101758",
                            "members.#": "30",
                            "members.0": "idrop",
                            "members.1": "46bit",
                            "members.10": "kerrr",
                            "members.11": "robinmitra",
                            "members.12": "brenetic",
                            "members.13": "CharlesIC",
                            "members.14": "sakisv",
                            "members.15": "ronocg",
                            "members.16": "Rosa-Fox",
                            "members.17": "chrisclayson",
                            "members.18": "smford",
                            "members.19": "blairboy362",
                            "members.2": "galund",
                            "members.20": "Wynndow",
                            "members.21": "andy-paine",
                            "members.22": "tomrosier",
                            "members.23": "bjgill",
                            "members.24": "bravegrape",
                            "members.25": "jstandring-gds",
                            "members.26": "mhussein-gds",
                            "members.27": "adityapahuja",
                            "members.28": "rhowe-gds",
                            "members.29": "AmritSidhu",
                            "members.3": "issyl0",
                            "members.4": "mrwilson",
                            "members.5": "philandstuff",
                            "members.6": "chrisholmes",
                            "members.7": "thomasalanlee",
                            "members.8": "mmhmm",
                            "members.9": "tlwr",
                            "name": "verify-tech-team-approvers",
                            "permission": "pull",
                            "privacy": "closed",
                            "slug": "verify-tech-team-approvers"
                        },
                        "meta": {},
                        "tainted": false
                    },
                    "deposed": [],
                    "provider": "provider.github"
                },
                "data.github_team.tech_team": {
                    "type": "github_team",
                    "depends_on": [],
                    "primary": {
                        "id": "2830432",
                        "attributes": {
                            "description": "Verify Tech Team",
                            "id": "2830432",
                            "members.#": "30",
                            "members.0": "idrop",
                            "members.1": "46bit",
                            "members.10": "kerrr",
                            "members.11": "zilnhoj",
                            "members.12": "Todai88",
                            "members.13": "robinmitra",
                            "members.14": "brenetic",
                            "members.15": "nacnudus",
                            "members.16": "CharlesIC",
                            "members.17": "jkunle",
                            "members.18": "sakisv",
                            "members.19": "stephengrier",
                            "members.2": "galund",
                            "members.20": "ronocg",
                            "members.21": "Rosa-Fox",
                            "members.22": "AnneCarr",
                            "members.23": "ida-build-bot",
                            "members.24": "chrisclayson",
                            "members.25": "smford",
                            "members.26": "blairboy362",
                            "members.27": "Wynndow",
                            "members.28": "andy-paine",
                            "members.29": "tomrosier",
                            "members.3": "issyl0",
                            "members.4": "mrwilson",
                            "members.5": "philandstuff",
                            "members.6": "chrisholmes",
                            "members.7": "thomasalanlee",
                            "members.8": "mmhmm",
                            "members.9": "tlwr",
                            "name": "verify-tech-team",
                            "permission": "pull",
                            "privacy": "closed",
                            "slug": "verify-tech-team"
                        },
                        "meta": {},
                        "tainted": false
                    },
                    "deposed": [],
                    "provider": "provider.github"
                },
                "github_team_membership.team_membership": {
                    "type": "github_team_membership",
                    "depends_on": [],
                    "primary": {
                        "id": "2826122:brenetic",
                        "attributes": {
                            "etag": "W/\"88e6c58de3b2923892306310e292c1a8\"",
                            "id": "2826122:brenetic",
                            "role": "maintainer",
                            "team_id": "2826122",
                            "username": "brenetic"
                        },
                        "meta": {},
                        "tainted": false
                    },
                    "deposed": [],
                    "provider": "provider.github"
                },
                "github_team_membership.tech_team_approver": {
                    "type": "github_team_membership",
                    "depends_on": [
                        "data.github_team.approvers_team"
                    ],
                    "primary": {
                        "id": "3101758:brenetic",
                        "attributes": {
                            "etag": "W/\"29d73a056475bdb91bc380d610b6fcc2\"",
                            "id": "3101758:brenetic",
                            "role": "member",
                            "team_id": "3101758",
                            "username": "brenetic"
                        },
                        "meta": {},
                        "tainted": false
                    },
                    "deposed": [],
                    "provider": "provider.github"
                },
                "github_team_membership.tech_team_maintainer": {
                    "type": "github_team_membership",
                    "depends_on": [
                        "data.github_team.tech_team"
                    ],
                    "primary": {
                        "id": "2830432:brenetic",
                        "attributes": {
                            "etag": "W/\"a7e6680f97515b7513d6fdd70e51bd91\"",
                            "id": "2830432:brenetic",
                            "role": "maintainer",
                            "team_id": "2830432",
                            "username": "brenetic"
                        },
                        "meta": {},
                        "tainted": false
                    },
                    "deposed": [],
                    "provider": "provider.github"
                }
            },
            "depends_on": []
        },
        {
            "path": [
                "root",
                "user_charlesic"
            ],
            "outputs": {},
            "resources": {
                "data.github_team.approvers_team": {
                    "type": "github_team",
                    "depends_on": [],
                    "primary": {
                        "id": "3101758",
                        "attributes": {
                            "description": "Verify tech team: verify-tech-team-approvers",
                            "id": "3101758",
                            "members.#": "30",
                            "members.0": "idrop",
                            "members.1": "46bit",
                            "members.10": "kerrr",
                            "members.11": "robinmitra",
                            "members.12": "brenetic",
                            "members.13": "CharlesIC",
                            "members.14": "sakisv",
                            "members.15": "ronocg",
                            "members.16": "Rosa-Fox",
                            "members.17": "chrisclayson",
                            "members.18": "smford",
                            "members.19": "blairboy362",
                            "members.2": "galund",
                            "members.20": "Wynndow",
                            "members.21": "andy-paine",
                            "members.22": "tomrosier",
                            "members.23": "bjgill",
                            "members.24": "bravegrape",
                            "members.25": "jstandring-gds",
                            "members.26": "mhussein-gds",
                            "members.27": "adityapahuja",
                            "members.28": "rhowe-gds",
                            "members.29": "AmritSidhu",
                            "members.3": "issyl0",
                            "members.4": "mrwilson",
                            "members.5": "philandstuff",
                            "members.6": "chrisholmes",
                            "members.7": "thomasalanlee",
                            "members.8": "mmhmm",
                            "members.9": "tlwr",
                            "name": "verify-tech-team-approvers",
                            "permission": "pull",
                            "privacy": "closed",
                            "slug": "verify-tech-team-approvers"
                        },
                        "meta": {},
                        "tainted": false
                    },
                    "deposed": [],
                    "provider": "provider.github"
                },
                "data.github_team.tech_team": {
                    "type": "github_team",
                    "depends_on": [],
                    "primary": {
                        "id": "2830432",
                        "attributes": {
                            "description": "Verify Tech Team",
                            "id": "2830432",
                            "members.#": "30",
                            "members.0": "idrop",
                            "members.1": "46bit",
                            "members.10": "kerrr",
                            "members.11": "zilnhoj",
                            "members.12": "Todai88",
                            "members.13": "robinmitra",
                            "members.14": "brenetic",
                            "members.15": "nacnudus",
                            "members.16": "CharlesIC",
                            "members.17": "jkunle",
                            "members.18": "sakisv",
                            "members.19": "stephengrier",
                            "members.2": "galund",
                            "members.20": "ronocg",
                            "members.21": "Rosa-Fox",
                            "members.22": "AnneCarr",
                            "members.23": "ida-build-bot",
                            "members.24": "chrisclayson",
                            "members.25": "smford",
                            "members.26": "blairboy362",
                            "members.27": "Wynndow",
                            "members.28": "andy-paine",
                            "members.29": "tomrosier",
                            "members.3": "issyl0",
                            "members.4": "mrwilson",
                            "members.5": "philandstuff",
                            "members.6": "chrisholmes",
                            "members.7": "thomasalanlee",
                            "members.8": "mmhmm",
                            "members.9": "tlwr",
                            "name": "verify-tech-team",
                            "permission": "pull",
                            "privacy": "closed",
                            "slug": "verify-tech-team"
                        },
                        "meta": {},
                        "tainted": false
                    },
                    "deposed": [],
                    "provider": "provider.github"
                },
                "github_team_membership.team_membership.0": {
                    "type": "github_team_membership",
                    "depends_on": [],
                    "primary": {
                        "id": "2826122:CharlesIC",
                        "attributes": {
                            "etag": "W/\"b6a46210a29739521df5ec82130b923e\"",
                            "id": "2826122:CharlesIC",
                            "role": "maintainer",
                            "team_id": "2826122",
                            "username": "CharlesIC"
                        },
                        "meta": {},
                        "tainted": false
                    },
                    "deposed": [],
                    "provider": "provider.github"
                },
                "github_team_membership.team_membership.1": {
                    "type": "github_team_membership",
                    "depends_on": [],
                    "primary": {
                        "id": "2826126:CharlesIC",
                        "attributes": {
                            "etag": "W/\"9665dc6553434910665e09d826f6645d\"",
                            "id": "2826126:CharlesIC",
                            "role": "maintainer",
                            "team_id": "2826126",
                            "username": "CharlesIC"
                        },
                        "meta": {},
                        "tainted": false
                    },
                    "deposed": [],
                    "provider": "provider.github"
                },
                "github_team_membership.tech_team_approver": {
                    "type": "github_team_membership",
                    "depends_on": [
                        "data.github_team.approvers_team"
                    ],
                    "primary": {
                        "id": "3101758:CharlesIC",
                        "attributes": {
                            "etag": "W/\"77222f8ad1e93aa323a86c1f4952bf79\"",
                            "id": "3101758:CharlesIC",
                            "role": "member",
                            "team_id": "3101758",
                            "username": "CharlesIC"
                        },
                        "meta": {},
                        "tainted": false
                    },
                    "deposed": [],
                    "provider": "provider.github"
                },
                "github_team_membership.tech_team_maintainer": {
                    "type": "github_team_membership",
                    "depends_on": [
                        "data.github_team.tech_team"
                    ],
                    "primary": {
                        "id": "2830432:CharlesIC",
                        "attributes": {
                            "etag": "W/\"c5295b7ed43d196732f07ce4030d8377\"",
                            "id": "2830432:CharlesIC",
                            "role": "maintainer",
                            "team_id": "2830432",
                            "username": "CharlesIC"
                        },
                        "meta": {},
                        "tainted": false
                    },
                    "deposed": [],
                    "provider": "provider.github"
                }
            },
            "depends_on": []
        },
        {
            "path": [
                "root",
                "user_chris_wynne"
            ],
            "outputs": {},
            "resources": {
                "data.github_team.approvers_team": {
                    "type": "github_team",
                    "depends_on": [],
                    "primary": {
                        "id": "3101758",
                        "attributes": {
                            "description": "Verify tech team: verify-tech-team-approvers",
                            "id": "3101758",
                            "members.#": "30",
                            "members.0": "idrop",
                            "members.1": "46bit",
                            "members.10": "kerrr",
                            "members.11": "robinmitra",
                            "members.12": "brenetic",
                            "members.13": "CharlesIC",
                            "members.14": "sakisv",
                            "members.15": "ronocg",
                            "members.16": "Rosa-Fox",
                            "members.17": "chrisclayson",
                            "members.18": "smford",
                            "members.19": "blairboy362",
                            "members.2": "galund",
                            "members.20": "Wynndow",
                            "members.21": "andy-paine",
                            "members.22": "tomrosier",
                            "members.23": "bjgill",
                            "members.24": "bravegrape",
                            "members.25": "jstandring-gds",
                            "members.26": "mhussein-gds",
                            "members.27": "adityapahuja",
                            "members.28": "rhowe-gds",
                            "members.29": "AmritSidhu",
                            "members.3": "issyl0",
                            "members.4": "mrwilson",
                            "members.5": "philandstuff",
                            "members.6": "chrisholmes",
                            "members.7": "thomasalanlee",
                            "members.8": "mmhmm",
                            "members.9": "tlwr",
                            "name": "verify-tech-team-approvers",
                            "permission": "pull",
                            "privacy": "closed",
                            "slug": "verify-tech-team-approvers"
                        },
                        "meta": {},
                        "tainted": false
                    },
                    "deposed": [],
                    "provider": "provider.github"
                },
                "data.github_team.tech_team": {
                    "type": "github_team",
                    "depends_on": [],
                    "primary": {
                        "id": "2830432",
                        "attributes": {
                            "description": "Verify Tech Team",
                            "id": "2830432",
                            "members.#": "30",
                            "members.0": "idrop",
                            "members.1": "46bit",
                            "members.10": "kerrr",
                            "members.11": "zilnhoj",
                            "members.12": "Todai88",
                            "members.13": "robinmitra",
                            "members.14": "brenetic",
                            "members.15": "nacnudus",
                            "members.16": "CharlesIC",
                            "members.17": "jkunle",
                            "members.18": "sakisv",
                            "members.19": "stephengrier",
                            "members.2": "galund",
                            "members.20": "ronocg",
                            "members.21": "Rosa-Fox",
                            "members.22": "AnneCarr",
                            "members.23": "ida-build-bot",
                            "members.24": "chrisclayson",
                            "members.25": "smford",
                            "members.26": "blairboy362",
                            "members.27": "Wynndow",
                            "members.28": "andy-paine",
                            "members.29": "tomrosier",
                            "members.3": "issyl0",
                            "members.4": "mrwilson",
                            "members.5": "philandstuff",
                            "members.6": "chrisholmes",
                            "members.7": "thomasalanlee",
                            "members.8": "mmhmm",
                            "members.9": "tlwr",
                            "name": "verify-tech-team",
                            "permission": "pull",
                            "privacy": "closed",
                            "slug": "verify-tech-team"
                        },
                        "meta": {},
                        "tainted": false
                    },
                    "deposed": [],
                    "provider": "provider.github"
                },
                "github_team_membership.team_membership.0": {
                    "type": "github_team_membership",
                    "depends_on": [],
                    "primary": {
                        "id": "2826122:Wynndow",
                        "attributes": {
                            "etag": "W/\"b42f1e866a83a6c6b7672424fcd02517\"",
                            "id": "2826122:Wynndow",
                            "role": "member",
                            "team_id": "2826122",
                            "username": "Wynndow"
                        },
                        "meta": {},
                        "tainted": false
                    },
                    "deposed": [],
                    "provider": "provider.github"
                },
                "github_team_membership.team_membership.1": {
                    "type": "github_team_membership",
                    "depends_on": [],
                    "primary": {
                        "id": "2826126:Wynndow",
                        "attributes": {
                            "etag": "W/\"2c6b0a5625c1b704bca7c57b628cab18\"",
                            "id": "2826126:Wynndow",
                            "role": "member",
                            "team_id": "2826126",
                            "username": "Wynndow"
                        },
                        "meta": {},
                        "tainted": false
                    },
                    "deposed": [],
                    "provider": "provider.github"
                },
                "github_team_membership.tech_team_approver": {
                    "type": "github_team_membership",
                    "depends_on": [
                        "data.github_team.approvers_team"
                    ],
                    "primary": {
                        "id": "3101758:Wynndow",
                        "attributes": {
                            "etag": "W/\"a54b11e88ac2282b4d3ed8aedef23f80\"",
                            "id": "3101758:Wynndow",
                            "role": "member",
                            "team_id": "3101758",
                            "username": "Wynndow"
                        },
                        "meta": {},
                        "tainted": false
                    },
                    "deposed": [],
                    "provider": "provider.github"
                }
            },
            "depends_on": []
        },
        {
            "path": [
                "root",
                "user_chrisclayson"
            ],
            "outputs": {},
            "resources": {
                "data.github_team.approvers_team": {
                    "type": "github_team",
                    "depends_on": [],
                    "primary": {
                        "id": "3101758",
                        "attributes": {
                            "description": "Verify tech team: verify-tech-team-approvers",
                            "id": "3101758",
                            "members.#": "30",
                            "members.0": "idrop",
                            "members.1": "46bit",
                            "members.10": "kerrr",
                            "members.11": "robinmitra",
                            "members.12": "brenetic",
                            "members.13": "CharlesIC",
                            "members.14": "sakisv",
                            "members.15": "ronocg",
                            "members.16": "Rosa-Fox",
                            "members.17": "chrisclayson",
                            "members.18": "smford",
                            "members.19": "blairboy362",
                            "members.2": "galund",
                            "members.20": "Wynndow",
                            "members.21": "andy-paine",
                            "members.22": "tomrosier",
                            "members.23": "bjgill",
                            "members.24": "bravegrape",
                            "members.25": "jstandring-gds",
                            "members.26": "mhussein-gds",
                            "members.27": "adityapahuja",
                            "members.28": "rhowe-gds",
                            "members.29": "AmritSidhu",
                            "members.3": "issyl0",
                            "members.4": "mrwilson",
                            "members.5": "philandstuff",
                            "members.6": "chrisholmes",
                            "members.7": "thomasalanlee",
                            "members.8": "mmhmm",
                            "members.9": "tlwr",
                            "name": "verify-tech-team-approvers",
                            "permission": "pull",
                            "privacy": "closed",
                            "slug": "verify-tech-team-approvers"
                        },
                        "meta": {},
                        "tainted": false
                    },
                    "deposed": [],
                    "provider": "provider.github"
                },
                "data.github_team.tech_team": {
                    "type": "github_team",
                    "depends_on": [],
                    "primary": {
                        "id": "2830432",
                        "attributes": {
                            "description": "Verify Tech Team",
                            "id": "2830432",
                            "members.#": "30",
                            "members.0": "idrop",
                            "members.1": "46bit",
                            "members.10": "kerrr",
                            "members.11": "zilnhoj",
                            "members.12": "Todai88",
                            "members.13": "robinmitra",
                            "members.14": "brenetic",
                            "members.15": "nacnudus",
                            "members.16": "CharlesIC",
                            "members.17": "jkunle",
                            "members.18": "sakisv",
                            "members.19": "stephengrier",
                            "members.2": "galund",
                            "members.20": "ronocg",
                            "members.21": "Rosa-Fox",
                            "members.22": "AnneCarr",
                            "members.23": "ida-build-bot",
                            "members.24": "chrisclayson",
                            "members.25": "smford",
                            "members.26": "blairboy362",
                            "members.27": "Wynndow",
                            "members.28": "andy-paine",
                            "members.29": "tomrosier",
                            "members.3": "issyl0",
                            "members.4": "mrwilson",
                            "members.5": "philandstuff",
                            "members.6": "chrisholmes",
                            "members.7": "thomasalanlee",
                            "members.8": "mmhmm",
                            "members.9": "tlwr",
                            "name": "verify-tech-team",
                            "permission": "pull",
                            "privacy": "closed",
                            "slug": "verify-tech-team"
                        },
                        "meta": {},
                        "tainted": false
                    },
                    "deposed": [],
                    "provider": "provider.github"
                },
                "github_team_membership.team_membership": {
                    "type": "github_team_membership",
                    "depends_on": [],
                    "primary": {
                        "id": "2826122:chrisclayson",
                        "attributes": {
                            "etag": "W/\"8949e447773ba4e11f1df59e32816841\"",
                            "id": "2826122:chrisclayson",
                            "role": "member",
                            "team_id": "2826122",
                            "username": "chrisclayson"
                        },
                        "meta": {},
                        "tainted": false
                    },
                    "deposed": [],
                    "provider": "provider.github"
                },
                "github_team_membership.tech_team_approver": {
                    "type": "github_team_membership",
                    "depends_on": [
                        "data.github_team.approvers_team"
                    ],
                    "primary": {
                        "id": "3101758:chrisclayson",
                        "attributes": {
                            "etag": "W/\"4ebb66a18f95a69b4372e60e79a44052\"",
                            "id": "3101758:chrisclayson",
                            "role": "member",
                            "team_id": "3101758",
                            "username": "chrisclayson"
                        },
                        "meta": {},
                        "tainted": false
                    },
                    "deposed": [],
                    "provider": "provider.github"
                }
            },
            "depends_on": []
        },
        {
            "path": [
                "root",
                "user_chrisholmes"
            ],
            "outputs": {},
            "resources": {
                "data.github_team.approvers_team": {
                    "type": "github_team",
                    "depends_on": [],
                    "primary": {
                        "id": "3101758",
                        "attributes": {
                            "description": "Verify tech team: verify-tech-team-approvers",
                            "id": "3101758",
                            "members.#": "30",
                            "members.0": "idrop",
                            "members.1": "46bit",
                            "members.10": "kerrr",
                            "members.11": "robinmitra",
                            "members.12": "brenetic",
                            "members.13": "CharlesIC",
                            "members.14": "sakisv",
                            "members.15": "ronocg",
                            "members.16": "Rosa-Fox",
                            "members.17": "chrisclayson",
                            "members.18": "smford",
                            "members.19": "blairboy362",
                            "members.2": "galund",
                            "members.20": "Wynndow",
                            "members.21": "andy-paine",
                            "members.22": "tomrosier",
                            "members.23": "bjgill",
                            "members.24": "bravegrape",
                            "members.25": "jstandring-gds",
                            "members.26": "mhussein-gds",
                            "members.27": "adityapahuja",
                            "members.28": "rhowe-gds",
                            "members.29": "AmritSidhu",
                            "members.3": "issyl0",
                            "members.4": "mrwilson",
                            "members.5": "philandstuff",
                            "members.6": "chrisholmes",
                            "members.7": "thomasalanlee",
                            "members.8": "mmhmm",
                            "members.9": "tlwr",
                            "name": "verify-tech-team-approvers",
                            "permission": "pull",
                            "privacy": "closed",
                            "slug": "verify-tech-team-approvers"
                        },
                        "meta": {},
                        "tainted": false
                    },
                    "deposed": [],
                    "provider": "provider.github"
                },
                "data.github_team.tech_team": {
                    "type": "github_team",
                    "depends_on": [],
                    "primary": {
                        "id": "2830432",
                        "attributes": {
                            "description": "Verify Tech Team",
                            "id": "2830432",
                            "members.#": "30",
                            "members.0": "idrop",
                            "members.1": "46bit",
                            "members.10": "kerrr",
                            "members.11": "zilnhoj",
                            "members.12": "Todai88",
                            "members.13": "robinmitra",
                            "members.14": "brenetic",
                            "members.15": "nacnudus",
                            "members.16": "CharlesIC",
                            "members.17": "jkunle",
                            "members.18": "sakisv",
                            "members.19": "stephengrier",
                            "members.2": "galund",
                            "members.20": "ronocg",
                            "members.21": "Rosa-Fox",
                            "members.22": "AnneCarr",
                            "members.23": "ida-build-bot",
                            "members.24": "chrisclayson",
                            "members.25": "smford",
                            "members.26": "blairboy362",
                            "members.27": "Wynndow",
                            "members.28": "andy-paine",
                            "members.29": "tomrosier",
                            "members.3": "issyl0",
                            "members.4": "mrwilson",
                            "members.5": "philandstuff",
                            "members.6": "chrisholmes",
                            "members.7": "thomasalanlee",
                            "members.8": "mmhmm",
                            "members.9": "tlwr",
                            "name": "verify-tech-team",
                            "permission": "pull",
                            "privacy": "closed",
                            "slug": "verify-tech-team"
                        },
                        "meta": {},
                        "tainted": false
                    },
                    "deposed": [],
                    "provider": "provider.github"
                },
                "github_team_membership.team_membership.0": {
                    "type": "github_team_membership",
                    "depends_on": [],
                    "primary": {
                        "id": "2826122:chrisholmes",
                        "attributes": {
                            "etag": "W/\"2223a8f1f5d4887c3e53e19454f27509\"",
                            "id": "2826122:chrisholmes",
                            "role": "maintainer",
                            "team_id": "2826122",
                            "username": "chrisholmes"
                        },
                        "meta": {},
                        "tainted": false
                    },
                    "deposed": [],
                    "provider": "provider.github"
                },
                "github_team_membership.team_membership.1": {
                    "type": "github_team_membership",
                    "depends_on": [],
                    "primary": {
                        "id": "2826126:chrisholmes",
                        "attributes": {
                            "etag": "W/\"def16483e3836fc1d5e28a8b2b2178d5\"",
                            "id": "2826126:chrisholmes",
                            "role": "maintainer",
                            "team_id": "2826126",
                            "username": "chrisholmes"
                        },
                        "meta": {},
                        "tainted": false
                    },
                    "deposed": [],
                    "provider": "provider.github"
                },
                "github_team_membership.team_membership.2": {
                    "type": "github_team_membership",
                    "depends_on": [],
                    "primary": {
                        "id": "2826127:chrisholmes",
                        "attributes": {
                            "etag": "W/\"d9671e1f298b40aa5a2154cb5fc4c841\"",
                            "id": "2826127:chrisholmes",
                            "role": "maintainer",
                            "team_id": "2826127",
                            "username": "chrisholmes"
                        },
                        "meta": {},
                        "tainted": false
                    },
                    "deposed": [],
                    "provider": "provider.github"
                },
                "github_team_membership.tech_team_approver": {
                    "type": "github_team_membership",
                    "depends_on": [
                        "data.github_team.approvers_team"
                    ],
                    "primary": {
                        "id": "3101758:chrisholmes",
                        "attributes": {
                            "etag": "W/\"6644e6a814b32a2cbbf0cb1610ee4386\"",
                            "id": "3101758:chrisholmes",
                            "role": "member",
                            "team_id": "3101758",
                            "username": "chrisholmes"
                        },
                        "meta": {},
                        "tainted": false
                    },
                    "deposed": [],
                    "provider": "provider.github"
                },
                "github_team_membership.tech_team_maintainer": {
                    "type": "github_team_membership",
                    "depends_on": [
                        "data.github_team.tech_team"
                    ],
                    "primary": {
                        "id": "2830432:chrisholmes",
                        "attributes": {
                            "etag": "W/\"6b255cfc355d4e94829f20184188eeab\"",
                            "id": "2830432:chrisholmes",
                            "role": "maintainer",
                            "team_id": "2830432",
                            "username": "chrisholmes"
                        },
                        "meta": {},
                        "tainted": false
                    },
                    "deposed": [],
                    "provider": "provider.github"
                }
            },
            "depends_on": []
        },
        {
            "path": [
                "root",
                "user_coleni"
            ],
            "outputs": {},
            "resources": {
                "data.github_team.approvers_team": {
                    "type": "github_team",
                    "depends_on": [],
                    "primary": {
                        "id": "3101758",
                        "attributes": {
                            "description": "Verify tech team: verify-tech-team-approvers",
                            "id": "3101758",
                            "members.#": "30",
                            "members.0": "idrop",
                            "members.1": "46bit",
                            "members.10": "kerrr",
                            "members.11": "robinmitra",
                            "members.12": "brenetic",
                            "members.13": "CharlesIC",
                            "members.14": "sakisv",
                            "members.15": "ronocg",
                            "members.16": "Rosa-Fox",
                            "members.17": "chrisclayson",
                            "members.18": "smford",
                            "members.19": "blairboy362",
                            "members.2": "galund",
                            "members.20": "Wynndow",
                            "members.21": "andy-paine",
                            "members.22": "tomrosier",
                            "members.23": "bjgill",
                            "members.24": "bravegrape",
                            "members.25": "jstandring-gds",
                            "members.26": "mhussein-gds",
                            "members.27": "adityapahuja",
                            "members.28": "rhowe-gds",
                            "members.29": "AmritSidhu",
                            "members.3": "issyl0",
                            "members.4": "mrwilson",
                            "members.5": "philandstuff",
                            "members.6": "chrisholmes",
                            "members.7": "thomasalanlee",
                            "members.8": "mmhmm",
                            "members.9": "tlwr",
                            "name": "verify-tech-team-approvers",
                            "permission": "pull",
                            "privacy": "closed",
                            "slug": "verify-tech-team-approvers"
                        },
                        "meta": {},
                        "tainted": false
                    },
                    "deposed": [],
                    "provider": "provider.github"
                },
                "data.github_team.tech_team": {
                    "type": "github_team",
                    "depends_on": [],
                    "primary": {
                        "id": "2830432",
                        "attributes": {
                            "description": "Verify Tech Team",
                            "id": "2830432",
                            "members.#": "30",
                            "members.0": "idrop",
                            "members.1": "46bit",
                            "members.10": "kerrr",
                            "members.11": "zilnhoj",
                            "members.12": "Todai88",
                            "members.13": "robinmitra",
                            "members.14": "brenetic",
                            "members.15": "nacnudus",
                            "members.16": "CharlesIC",
                            "members.17": "jkunle",
                            "members.18": "sakisv",
                            "members.19": "stephengrier",
                            "members.2": "galund",
                            "members.20": "ronocg",
                            "members.21": "Rosa-Fox",
                            "members.22": "AnneCarr",
                            "members.23": "ida-build-bot",
                            "members.24": "chrisclayson",
                            "members.25": "smford",
                            "members.26": "blairboy362",
                            "members.27": "Wynndow",
                            "members.28": "andy-paine",
                            "members.29": "tomrosier",
                            "members.3": "issyl0",
                            "members.4": "mrwilson",
                            "members.5": "philandstuff",
                            "members.6": "chrisholmes",
                            "members.7": "thomasalanlee",
                            "members.8": "mmhmm",
                            "members.9": "tlwr",
                            "name": "verify-tech-team",
                            "permission": "pull",
                            "privacy": "closed",
                            "slug": "verify-tech-team"
                        },
                        "meta": {},
                        "tainted": false
                    },
                    "deposed": [],
                    "provider": "provider.github"
                },
                "github_team_membership.team_membership": {
                    "type": "github_team_membership",
                    "depends_on": [],
                    "primary": {
                        "id": "2826122:coleni",
                        "attributes": {
                            "etag": "W/\"e4e8aa18eabab3149d3ccbf4d04c53b6\"",
                            "id": "2826122:coleni",
                            "role": "member",
                            "team_id": "2826122",
                            "username": "coleni"
                        },
                        "meta": {},
                        "tainted": false
                    },
                    "deposed": [],
                    "provider": "provider.github"
                }
            },
            "depends_on": []
        },
        {
            "path": [
                "root",
                "user_danielblair"
            ],
            "outputs": {},
            "resources": {
                "data.github_team.approvers_team": {
                    "type": "github_team",
                    "depends_on": [],
                    "primary": {
                        "id": "3101758",
                        "attributes": {
                            "description": "Verify tech team: verify-tech-team-approvers",
                            "id": "3101758",
                            "members.#": "30",
                            "members.0": "idrop",
                            "members.1": "46bit",
                            "members.10": "kerrr",
                            "members.11": "robinmitra",
                            "members.12": "brenetic",
                            "members.13": "CharlesIC",
                            "members.14": "sakisv",
                            "members.15": "ronocg",
                            "members.16": "Rosa-Fox",
                            "members.17": "chrisclayson",
                            "members.18": "smford",
                            "members.19": "blairboy362",
                            "members.2": "galund",
                            "members.20": "Wynndow",
                            "members.21": "andy-paine",
                            "members.22": "tomrosier",
                            "members.23": "bjgill",
                            "members.24": "bravegrape",
                            "members.25": "jstandring-gds",
                            "members.26": "mhussein-gds",
                            "members.27": "adityapahuja",
                            "members.28": "rhowe-gds",
                            "members.29": "AmritSidhu",
                            "members.3": "issyl0",
                            "members.4": "mrwilson",
                            "members.5": "philandstuff",
                            "members.6": "chrisholmes",
                            "members.7": "thomasalanlee",
                            "members.8": "mmhmm",
                            "members.9": "tlwr",
                            "name": "verify-tech-team-approvers",
                            "permission": "pull",
                            "privacy": "closed",
                            "slug": "verify-tech-team-approvers"
                        },
                        "meta": {},
                        "tainted": false
                    },
                    "deposed": [],
                    "provider": "provider.github"
                },
                "data.github_team.tech_team": {
                    "type": "github_team",
                    "depends_on": [],
                    "primary": {
                        "id": "2830432",
                        "attributes": {
                            "description": "Verify Tech Team",
                            "id": "2830432",
                            "members.#": "30",
                            "members.0": "idrop",
                            "members.1": "46bit",
                            "members.10": "kerrr",
                            "members.11": "zilnhoj",
                            "members.12": "Todai88",
                            "members.13": "robinmitra",
                            "members.14": "brenetic",
                            "members.15": "nacnudus",
                            "members.16": "CharlesIC",
                            "members.17": "jkunle",
                            "members.18": "sakisv",
                            "members.19": "stephengrier",
                            "members.2": "galund",
                            "members.20": "ronocg",
                            "members.21": "Rosa-Fox",
                            "members.22": "AnneCarr",
                            "members.23": "ida-build-bot",
                            "members.24": "chrisclayson",
                            "members.25": "smford",
                            "members.26": "blairboy362",
                            "members.27": "Wynndow",
                            "members.28": "andy-paine",
                            "members.29": "tomrosier",
                            "members.3": "issyl0",
                            "members.4": "mrwilson",
                            "members.5": "philandstuff",
                            "members.6": "chrisholmes",
                            "members.7": "thomasalanlee",
                            "members.8": "mmhmm",
                            "members.9": "tlwr",
                            "name": "verify-tech-team",
                            "permission": "pull",
                            "privacy": "closed",
                            "slug": "verify-tech-team"
                        },
                        "meta": {},
                        "tainted": false
                    },
                    "deposed": [],
                    "provider": "provider.github"
                },
                "github_team_membership.team_membership.0": {
                    "type": "github_team_membership",
                    "depends_on": [],
                    "primary": {
                        "id": "2826122:blairboy362",
                        "attributes": {
                            "etag": "W/\"ea51298f68572a1aa88368f862584c67\"",
                            "id": "2826122:blairboy362",
                            "role": "member",
                            "team_id": "2826122",
                            "username": "blairboy362"
                        },
                        "meta": {},
                        "tainted": false
                    },
                    "deposed": [],
                    "provider": "provider.github"
                },
                "github_team_membership.team_membership.1": {
                    "type": "github_team_membership",
                    "depends_on": [],
                    "primary": {
                        "id": "2826126:blairboy362",
                        "attributes": {
                            "etag": "W/\"96b44a428cd17919356513f39385aa98\"",
                            "id": "2826126:blairboy362",
                            "role": "member",
                            "team_id": "2826126",
                            "username": "blairboy362"
                        },
                        "meta": {},
                        "tainted": false
                    },
                    "deposed": [],
                    "provider": "provider.github"
                },
                "github_team_membership.tech_team_approver": {
                    "type": "github_team_membership",
                    "depends_on": [
                        "data.github_team.approvers_team"
                    ],
                    "primary": {
                        "id": "3101758:blairboy362",
                        "attributes": {
                            "etag": "W/\"4f069135257343f3ab44c3fd13ce85e9\"",
                            "id": "3101758:blairboy362",
                            "role": "member",
                            "team_id": "3101758",
                            "username": "blairboy362"
                        },
                        "meta": {},
                        "tainted": false
                    },
                    "deposed": [],
                    "provider": "provider.github"
                }
            },
            "depends_on": []
        },
        {
            "path": [
                "root",
                "user_dbes_gds"
            ],
            "outputs": {},
            "resources": {
                "data.github_team.approvers_team": {
                    "type": "github_team",
                    "depends_on": [],
                    "primary": {
                        "id": "3101758",
                        "attributes": {
                            "description": "Verify tech team: verify-tech-team-approvers",
                            "id": "3101758",
                            "members.#": "30",
                            "members.0": "idrop",
                            "members.1": "46bit",
                            "members.10": "kerrr",
                            "members.11": "robinmitra",
                            "members.12": "brenetic",
                            "members.13": "CharlesIC",
                            "members.14": "sakisv",
                            "members.15": "ronocg",
                            "members.16": "Rosa-Fox",
                            "members.17": "chrisclayson",
                            "members.18": "smford",
                            "members.19": "blairboy362",
                            "members.2": "galund",
                            "members.20": "Wynndow",
                            "members.21": "andy-paine",
                            "members.22": "tomrosier",
                            "members.23": "bjgill",
                            "members.24": "bravegrape",
                            "members.25": "jstandring-gds",
                            "members.26": "mhussein-gds",
                            "members.27": "adityapahuja",
                            "members.28": "rhowe-gds",
                            "members.29": "AmritSidhu",
                            "members.3": "issyl0",
                            "members.4": "mrwilson",
                            "members.5": "philandstuff",
                            "members.6": "chrisholmes",
                            "members.7": "thomasalanlee",
                            "members.8": "mmhmm",
                            "members.9": "tlwr",
                            "name": "verify-tech-team-approvers",
                            "permission": "pull",
                            "privacy": "closed",
                            "slug": "verify-tech-team-approvers"
                        },
                        "meta": {},
                        "tainted": false
                    },
                    "deposed": [],
                    "provider": "provider.github"
                },
                "data.github_team.tech_team": {
                    "type": "github_team",
                    "depends_on": [],
                    "primary": {
                        "id": "2830432",
                        "attributes": {
                            "description": "Verify Tech Team",
                            "id": "2830432",
                            "members.#": "30",
                            "members.0": "idrop",
                            "members.1": "46bit",
                            "members.10": "kerrr",
                            "members.11": "zilnhoj",
                            "members.12": "Todai88",
                            "members.13": "robinmitra",
                            "members.14": "brenetic",
                            "members.15": "nacnudus",
                            "members.16": "CharlesIC",
                            "members.17": "jkunle",
                            "members.18": "sakisv",
                            "members.19": "stephengrier",
                            "members.2": "galund",
                            "members.20": "ronocg",
                            "members.21": "Rosa-Fox",
                            "members.22": "AnneCarr",
                            "members.23": "ida-build-bot",
                            "members.24": "chrisclayson",
                            "members.25": "smford",
                            "members.26": "blairboy362",
                            "members.27": "Wynndow",
                            "members.28": "andy-paine",
                            "members.29": "tomrosier",
                            "members.3": "issyl0",
                            "members.4": "mrwilson",
                            "members.5": "philandstuff",
                            "members.6": "chrisholmes",
                            "members.7": "thomasalanlee",
                            "members.8": "mmhmm",
                            "members.9": "tlwr",
                            "name": "verify-tech-team",
                            "permission": "pull",
                            "privacy": "closed",
                            "slug": "verify-tech-team"
                        },
                        "meta": {},
                        "tainted": false
                    },
                    "deposed": [],
                    "provider": "provider.github"
                },
                "github_team_membership.team_membership.0": {
                    "type": "github_team_membership",
                    "depends_on": [],
                    "primary": {
                        "id": "2826122:dbes-gds",
                        "attributes": {
                            "etag": "W/\"06bef96741829a95c6b6d90c053f1260\"",
                            "id": "2826122:dbes-gds",
                            "role": "member",
                            "team_id": "2826122",
                            "username": "dbes-gds"
                        },
                        "meta": {},
                        "tainted": false
                    },
                    "deposed": [],
                    "provider": "provider.github"
                },
                "github_team_membership.team_membership.1": {
                    "type": "github_team_membership",
                    "depends_on": [],
                    "primary": {
                        "id": "2826126:dbes-gds",
                        "attributes": {
                            "etag": "W/\"b69b36ef901c73e3749062bf72796448\"",
                            "id": "2826126:dbes-gds",
                            "role": "member",
                            "team_id": "2826126",
                            "username": "dbes-gds"
                        },
                        "meta": {},
                        "tainted": false
                    },
                    "deposed": [],
                    "provider": "provider.github"
                },
                "github_team_membership.tech_team_approver": {
                    "type": "github_team_membership",
                    "depends_on": [
                        "data.github_team.approvers_team"
                    ],
                    "primary": {
                        "id": "3101758:dbes-gds",
                        "attributes": {
                            "etag": "W/\"15c141917616dd0bbd71d82ece5f12cf\"",
                            "id": "3101758:dbes-gds",
                            "role": "member",
                            "team_id": "3101758",
                            "username": "dbes-gds"
                        },
                        "meta": {},
                        "tainted": false
                    },
                    "deposed": [],
                    "provider": "provider.github"
                }
            },
            "depends_on": []
        },
        {
            "path": [
                "root",
                "user_galund"
            ],
            "outputs": {},
            "resources": {
                "data.github_team.approvers_team": {
                    "type": "github_team",
                    "depends_on": [],
                    "primary": {
                        "id": "3101758",
                        "attributes": {
                            "description": "Verify tech team: verify-tech-team-approvers",
                            "id": "3101758",
                            "members.#": "30",
                            "members.0": "idrop",
                            "members.1": "46bit",
                            "members.10": "kerrr",
                            "members.11": "robinmitra",
                            "members.12": "brenetic",
                            "members.13": "CharlesIC",
                            "members.14": "sakisv",
                            "members.15": "ronocg",
                            "members.16": "Rosa-Fox",
                            "members.17": "chrisclayson",
                            "members.18": "smford",
                            "members.19": "blairboy362",
                            "members.2": "galund",
                            "members.20": "Wynndow",
                            "members.21": "andy-paine",
                            "members.22": "tomrosier",
                            "members.23": "bjgill",
                            "members.24": "bravegrape",
                            "members.25": "jstandring-gds",
                            "members.26": "mhussein-gds",
                            "members.27": "adityapahuja",
                            "members.28": "rhowe-gds",
                            "members.29": "AmritSidhu",
                            "members.3": "issyl0",
                            "members.4": "mrwilson",
                            "members.5": "philandstuff",
                            "members.6": "chrisholmes",
                            "members.7": "thomasalanlee",
                            "members.8": "mmhmm",
                            "members.9": "tlwr",
                            "name": "verify-tech-team-approvers",
                            "permission": "pull",
                            "privacy": "closed",
                            "slug": "verify-tech-team-approvers"
                        },
                        "meta": {},
                        "tainted": false
                    },
                    "deposed": [],
                    "provider": "provider.github"
                },
                "data.github_team.tech_team": {
                    "type": "github_team",
                    "depends_on": [],
                    "primary": {
                        "id": "2830432",
                        "attributes": {
                            "description": "Verify Tech Team",
                            "id": "2830432",
                            "members.#": "30",
                            "members.0": "idrop",
                            "members.1": "46bit",
                            "members.10": "kerrr",
                            "members.11": "zilnhoj",
                            "members.12": "Todai88",
                            "members.13": "robinmitra",
                            "members.14": "brenetic",
                            "members.15": "nacnudus",
                            "members.16": "CharlesIC",
                            "members.17": "jkunle",
                            "members.18": "sakisv",
                            "members.19": "stephengrier",
                            "members.2": "galund",
                            "members.20": "ronocg",
                            "members.21": "Rosa-Fox",
                            "members.22": "AnneCarr",
                            "members.23": "ida-build-bot",
                            "members.24": "chrisclayson",
                            "members.25": "smford",
                            "members.26": "blairboy362",
                            "members.27": "Wynndow",
                            "members.28": "andy-paine",
                            "members.29": "tomrosier",
                            "members.3": "issyl0",
                            "members.4": "mrwilson",
                            "members.5": "philandstuff",
                            "members.6": "chrisholmes",
                            "members.7": "thomasalanlee",
                            "members.8": "mmhmm",
                            "members.9": "tlwr",
                            "name": "verify-tech-team",
                            "permission": "pull",
                            "privacy": "closed",
                            "slug": "verify-tech-team"
                        },
                        "meta": {},
                        "tainted": false
                    },
                    "deposed": [],
                    "provider": "provider.github"
                },
                "github_team_membership.team_membership": {
                    "type": "github_team_membership",
                    "depends_on": [],
                    "primary": {
                        "id": "2826122:galund",
                        "attributes": {
                            "etag": "W/\"233ca00c5fe673d82329d46c23d77ef6\"",
                            "id": "2826122:galund",
                            "role": "member",
                            "team_id": "2826122",
                            "username": "galund"
                        },
                        "meta": {},
                        "tainted": false
                    },
                    "deposed": [],
                    "provider": "provider.github"
                },
                "github_team_membership.tech_team_approver": {
                    "type": "github_team_membership",
                    "depends_on": [
                        "data.github_team.approvers_team"
                    ],
                    "primary": {
                        "id": "3101758:galund",
                        "attributes": {
                            "etag": "W/\"12a2150758ee4961715b0fa3bd58f286\"",
                            "id": "3101758:galund",
                            "role": "member",
                            "team_id": "3101758",
                            "username": "galund"
                        },
                        "meta": {},
                        "tainted": false
                    },
                    "deposed": [],
                    "provider": "provider.github"
                }
            },
            "depends_on": []
        },
        {
            "path": [
                "root",
                "user_gdsnewt"
            ],
            "outputs": {},
            "resources": {
                "data.github_team.approvers_team": {
                    "type": "github_team",
                    "depends_on": [],
                    "primary": {
                        "id": "3101758",
                        "attributes": {
                            "description": "Verify tech team: verify-tech-team-approvers",
                            "id": "3101758",
                            "members.#": "30",
                            "members.0": "idrop",
                            "members.1": "46bit",
                            "members.10": "kerrr",
                            "members.11": "robinmitra",
                            "members.12": "brenetic",
                            "members.13": "CharlesIC",
                            "members.14": "sakisv",
                            "members.15": "ronocg",
                            "members.16": "Rosa-Fox",
                            "members.17": "chrisclayson",
                            "members.18": "smford",
                            "members.19": "blairboy362",
                            "members.2": "galund",
                            "members.20": "Wynndow",
                            "members.21": "andy-paine",
                            "members.22": "tomrosier",
                            "members.23": "bjgill",
                            "members.24": "bravegrape",
                            "members.25": "jstandring-gds",
                            "members.26": "mhussein-gds",
                            "members.27": "adityapahuja",
                            "members.28": "rhowe-gds",
                            "members.29": "AmritSidhu",
                            "members.3": "issyl0",
                            "members.4": "mrwilson",
                            "members.5": "philandstuff",
                            "members.6": "chrisholmes",
                            "members.7": "thomasalanlee",
                            "members.8": "mmhmm",
                            "members.9": "tlwr",
                            "name": "verify-tech-team-approvers",
                            "permission": "pull",
                            "privacy": "closed",
                            "slug": "verify-tech-team-approvers"
                        },
                        "meta": {},
                        "tainted": false
                    },
                    "deposed": [],
                    "provider": "provider.github"
                },
                "data.github_team.tech_team": {
                    "type": "github_team",
                    "depends_on": [],
                    "primary": {
                        "id": "2830432",
                        "attributes": {
                            "description": "Verify Tech Team",
                            "id": "2830432",
                            "members.#": "30",
                            "members.0": "idrop",
                            "members.1": "46bit",
                            "members.10": "kerrr",
                            "members.11": "zilnhoj",
                            "members.12": "Todai88",
                            "members.13": "robinmitra",
                            "members.14": "brenetic",
                            "members.15": "nacnudus",
                            "members.16": "CharlesIC",
                            "members.17": "jkunle",
                            "members.18": "sakisv",
                            "members.19": "stephengrier",
                            "members.2": "galund",
                            "members.20": "ronocg",
                            "members.21": "Rosa-Fox",
                            "members.22": "AnneCarr",
                            "members.23": "ida-build-bot",
                            "members.24": "chrisclayson",
                            "members.25": "smford",
                            "members.26": "blairboy362",
                            "members.27": "Wynndow",
                            "members.28": "andy-paine",
                            "members.29": "tomrosier",
                            "members.3": "issyl0",
                            "members.4": "mrwilson",
                            "members.5": "philandstuff",
                            "members.6": "chrisholmes",
                            "members.7": "thomasalanlee",
                            "members.8": "mmhmm",
                            "members.9": "tlwr",
                            "name": "verify-tech-team",
                            "permission": "pull",
                            "privacy": "closed",
                            "slug": "verify-tech-team"
                        },
                        "meta": {},
                        "tainted": false
                    },
                    "deposed": [],
                    "provider": "provider.github"
                },
                "github_team_membership.team_membership": {
                    "type": "github_team_membership",
                    "depends_on": [],
                    "primary": {
                        "id": "2826122:GDSNewt",
                        "attributes": {
                            "etag": "W/\"da60132d0a015e15d4c2716aacbc21fb\"",
                            "id": "2826122:GDSNewt",
                            "role": "member",
                            "team_id": "2826122",
                            "username": "GDSNewt"
                        },
                        "meta": {},
                        "tainted": false
                    },
                    "deposed": [],
                    "provider": "provider.github"
                }
            },
            "depends_on": []
        },
        {
            "path": [
                "root",
                "user_ida_build_bot"
            ],
            "outputs": {},
            "resources": {
                "data.github_team.approvers_team": {
                    "type": "github_team",
                    "depends_on": [],
                    "primary": {
                        "id": "3101758",
                        "attributes": {
                            "description": "Verify tech team: verify-tech-team-approvers",
                            "id": "3101758",
                            "members.#": "30",
                            "members.0": "idrop",
                            "members.1": "46bit",
                            "members.10": "kerrr",
                            "members.11": "robinmitra",
                            "members.12": "brenetic",
                            "members.13": "CharlesIC",
                            "members.14": "sakisv",
                            "members.15": "ronocg",
                            "members.16": "Rosa-Fox",
                            "members.17": "chrisclayson",
                            "members.18": "smford",
                            "members.19": "blairboy362",
                            "members.2": "galund",
                            "members.20": "Wynndow",
                            "members.21": "andy-paine",
                            "members.22": "tomrosier",
                            "members.23": "bjgill",
                            "members.24": "bravegrape",
                            "members.25": "jstandring-gds",
                            "members.26": "mhussein-gds",
                            "members.27": "adityapahuja",
                            "members.28": "rhowe-gds",
                            "members.29": "AmritSidhu",
                            "members.3": "issyl0",
                            "members.4": "mrwilson",
                            "members.5": "philandstuff",
                            "members.6": "chrisholmes",
                            "members.7": "thomasalanlee",
                            "members.8": "mmhmm",
                            "members.9": "tlwr",
                            "name": "verify-tech-team-approvers",
                            "permission": "pull",
                            "privacy": "closed",
                            "slug": "verify-tech-team-approvers"
                        },
                        "meta": {},
                        "tainted": false
                    },
                    "deposed": [],
                    "provider": "provider.github"
                },
                "data.github_team.tech_team": {
                    "type": "github_team",
                    "depends_on": [],
                    "primary": {
                        "id": "2830432",
                        "attributes": {
                            "description": "Verify Tech Team",
                            "id": "2830432",
                            "members.#": "30",
                            "members.0": "idrop",
                            "members.1": "46bit",
                            "members.10": "kerrr",
                            "members.11": "zilnhoj",
                            "members.12": "Todai88",
                            "members.13": "robinmitra",
                            "members.14": "brenetic",
                            "members.15": "nacnudus",
                            "members.16": "CharlesIC",
                            "members.17": "jkunle",
                            "members.18": "sakisv",
                            "members.19": "stephengrier",
                            "members.2": "galund",
                            "members.20": "ronocg",
                            "members.21": "Rosa-Fox",
                            "members.22": "AnneCarr",
                            "members.23": "ida-build-bot",
                            "members.24": "chrisclayson",
                            "members.25": "smford",
                            "members.26": "blairboy362",
                            "members.27": "Wynndow",
                            "members.28": "andy-paine",
                            "members.29": "tomrosier",
                            "members.3": "issyl0",
                            "members.4": "mrwilson",
                            "members.5": "philandstuff",
                            "members.6": "chrisholmes",
                            "members.7": "thomasalanlee",
                            "members.8": "mmhmm",
                            "members.9": "tlwr",
                            "name": "verify-tech-team",
                            "permission": "pull",
                            "privacy": "closed",
                            "slug": "verify-tech-team"
                        },
                        "meta": {},
                        "tainted": false
                    },
                    "deposed": [],
                    "provider": "provider.github"
                },
                "github_team_membership.team_membership.0": {
                    "type": "github_team_membership",
                    "depends_on": [],
                    "primary": {
                        "id": "2826122:ida-build-bot",
                        "attributes": {
                            "etag": "W/\"3d648a2f7b61d419d244c762253688e6\"",
                            "id": "2826122:ida-build-bot",
                            "role": "member",
                            "team_id": "2826122",
                            "username": "ida-build-bot"
                        },
                        "meta": {},
                        "tainted": false
                    },
                    "deposed": [],
                    "provider": "provider.github"
                },
                "github_team_membership.team_membership.1": {
                    "type": "github_team_membership",
                    "depends_on": [],
                    "primary": {
                        "id": "2826126:ida-build-bot",
                        "attributes": {
                            "etag": "W/\"63e84469c09a9c0c0438625e34715e56\"",
                            "id": "2826126:ida-build-bot",
                            "role": "member",
                            "team_id": "2826126",
                            "username": "ida-build-bot"
                        },
                        "meta": {},
                        "tainted": false
                    },
                    "deposed": [],
                    "provider": "provider.github"
                }
            },
            "depends_on": []
        },
        {
            "path": [
                "root",
                "user_idacodacybot"
            ],
            "outputs": {},
            "resources": {
                "data.github_team.approvers_team": {
                    "type": "github_team",
                    "depends_on": [],
                    "primary": {
                        "id": "3101758",
                        "attributes": {
                            "description": "Verify tech team: verify-tech-team-approvers",
                            "id": "3101758",
                            "members.#": "30",
                            "members.0": "idrop",
                            "members.1": "46bit",
                            "members.10": "kerrr",
                            "members.11": "robinmitra",
                            "members.12": "brenetic",
                            "members.13": "CharlesIC",
                            "members.14": "sakisv",
                            "members.15": "ronocg",
                            "members.16": "Rosa-Fox",
                            "members.17": "chrisclayson",
                            "members.18": "smford",
                            "members.19": "blairboy362",
                            "members.2": "galund",
                            "members.20": "Wynndow",
                            "members.21": "andy-paine",
                            "members.22": "tomrosier",
                            "members.23": "bjgill",
                            "members.24": "bravegrape",
                            "members.25": "jstandring-gds",
                            "members.26": "mhussein-gds",
                            "members.27": "adityapahuja",
                            "members.28": "rhowe-gds",
                            "members.29": "AmritSidhu",
                            "members.3": "issyl0",
                            "members.4": "mrwilson",
                            "members.5": "philandstuff",
                            "members.6": "chrisholmes",
                            "members.7": "thomasalanlee",
                            "members.8": "mmhmm",
                            "members.9": "tlwr",
                            "name": "verify-tech-team-approvers",
                            "permission": "pull",
                            "privacy": "closed",
                            "slug": "verify-tech-team-approvers"
                        },
                        "meta": {},
                        "tainted": false
                    },
                    "deposed": [],
                    "provider": "provider.github"
                },
                "data.github_team.tech_team": {
                    "type": "github_team",
                    "depends_on": [],
                    "primary": {
                        "id": "2830432",
                        "attributes": {
                            "description": "Verify Tech Team",
                            "id": "2830432",
                            "members.#": "30",
                            "members.0": "idrop",
                            "members.1": "46bit",
                            "members.10": "kerrr",
                            "members.11": "zilnhoj",
                            "members.12": "Todai88",
                            "members.13": "robinmitra",
                            "members.14": "brenetic",
                            "members.15": "nacnudus",
                            "members.16": "CharlesIC",
                            "members.17": "jkunle",
                            "members.18": "sakisv",
                            "members.19": "stephengrier",
                            "members.2": "galund",
                            "members.20": "ronocg",
                            "members.21": "Rosa-Fox",
                            "members.22": "AnneCarr",
                            "members.23": "ida-build-bot",
                            "members.24": "chrisclayson",
                            "members.25": "smford",
                            "members.26": "blairboy362",
                            "members.27": "Wynndow",
                            "members.28": "andy-paine",
                            "members.29": "tomrosier",
                            "members.3": "issyl0",
                            "members.4": "mrwilson",
                            "members.5": "philandstuff",
                            "members.6": "chrisholmes",
                            "members.7": "thomasalanlee",
                            "members.8": "mmhmm",
                            "members.9": "tlwr",
                            "name": "verify-tech-team",
                            "permission": "pull",
                            "privacy": "closed",
                            "slug": "verify-tech-team"
                        },
                        "meta": {},
                        "tainted": false
                    },
                    "deposed": [],
                    "provider": "provider.github"
                },
                "github_team_membership.team_membership.0": {
                    "type": "github_team_membership",
                    "depends_on": [],
                    "primary": {
                        "id": "2826122:ida-codacy-bot",
                        "attributes": {
                            "etag": "W/\"a43acd4cdd738c822e79552b19707600\"",
                            "id": "2826122:ida-codacy-bot",
                            "role": "member",
                            "team_id": "2826122",
                            "username": "ida-codacy-bot"
                        },
                        "meta": {},
                        "tainted": false
                    },
                    "deposed": [],
                    "provider": "provider.github"
                },
                "github_team_membership.team_membership.1": {
                    "type": "github_team_membership",
                    "depends_on": [],
                    "primary": {
                        "id": "2826126:ida-codacy-bot",
                        "attributes": {
                            "etag": "W/\"dc73b0b1a7ad8f117e0b8ec14e4ffd0c\"",
                            "id": "2826126:ida-codacy-bot",
                            "role": "member",
                            "team_id": "2826126",
                            "username": "ida-codacy-bot"
                        },
                        "meta": {},
                        "tainted": false
                    },
                    "deposed": [],
                    "provider": "provider.github"
                }
            },
            "depends_on": []
        },
        {
            "path": [
                "root",
                "user_idrop"
            ],
            "outputs": {},
            "resources": {
                "data.github_team.approvers_team": {
                    "type": "github_team",
                    "depends_on": [],
                    "primary": {
                        "id": "3101758",
                        "attributes": {
                            "description": "Verify tech team: verify-tech-team-approvers",
                            "id": "3101758",
                            "members.#": "30",
                            "members.0": "idrop",
                            "members.1": "46bit",
                            "members.10": "kerrr",
                            "members.11": "robinmitra",
                            "members.12": "brenetic",
                            "members.13": "CharlesIC",
                            "members.14": "sakisv",
                            "members.15": "ronocg",
                            "members.16": "Rosa-Fox",
                            "members.17": "chrisclayson",
                            "members.18": "smford",
                            "members.19": "blairboy362",
                            "members.2": "galund",
                            "members.20": "Wynndow",
                            "members.21": "andy-paine",
                            "members.22": "tomrosier",
                            "members.23": "bjgill",
                            "members.24": "bravegrape",
                            "members.25": "jstandring-gds",
                            "members.26": "mhussein-gds",
                            "members.27": "adityapahuja",
                            "members.28": "rhowe-gds",
                            "members.29": "AmritSidhu",
                            "members.3": "issyl0",
                            "members.4": "mrwilson",
                            "members.5": "philandstuff",
                            "members.6": "chrisholmes",
                            "members.7": "thomasalanlee",
                            "members.8": "mmhmm",
                            "members.9": "tlwr",
                            "name": "verify-tech-team-approvers",
                            "permission": "pull",
                            "privacy": "closed",
                            "slug": "verify-tech-team-approvers"
                        },
                        "meta": {},
                        "tainted": false
                    },
                    "deposed": [],
                    "provider": "provider.github"
                },
                "data.github_team.tech_team": {
                    "type": "github_team",
                    "depends_on": [],
                    "primary": {
                        "id": "2830432",
                        "attributes": {
                            "description": "Verify Tech Team",
                            "id": "2830432",
                            "members.#": "30",
                            "members.0": "idrop",
                            "members.1": "46bit",
                            "members.10": "kerrr",
                            "members.11": "zilnhoj",
                            "members.12": "Todai88",
                            "members.13": "robinmitra",
                            "members.14": "brenetic",
                            "members.15": "nacnudus",
                            "members.16": "CharlesIC",
                            "members.17": "jkunle",
                            "members.18": "sakisv",
                            "members.19": "stephengrier",
                            "members.2": "galund",
                            "members.20": "ronocg",
                            "members.21": "Rosa-Fox",
                            "members.22": "AnneCarr",
                            "members.23": "ida-build-bot",
                            "members.24": "chrisclayson",
                            "members.25": "smford",
                            "members.26": "blairboy362",
                            "members.27": "Wynndow",
                            "members.28": "andy-paine",
                            "members.29": "tomrosier",
                            "members.3": "issyl0",
                            "members.4": "mrwilson",
                            "members.5": "philandstuff",
                            "members.6": "chrisholmes",
                            "members.7": "thomasalanlee",
                            "members.8": "mmhmm",
                            "members.9": "tlwr",
                            "name": "verify-tech-team",
                            "permission": "pull",
                            "privacy": "closed",
                            "slug": "verify-tech-team"
                        },
                        "meta": {},
                        "tainted": false
                    },
                    "deposed": [],
                    "provider": "provider.github"
                },
                "github_team_membership.team_membership.0": {
                    "type": "github_team_membership",
                    "depends_on": [],
                    "primary": {
                        "id": "2826122:idrop",
                        "attributes": {
                            "etag": "W/\"ab4f8459804c8539bd71ae0b6f091531\"",
                            "id": "2826122:idrop",
                            "role": "member",
                            "team_id": "2826122",
                            "username": "idrop"
                        },
                        "meta": {},
                        "tainted": false
                    },
                    "deposed": [],
                    "provider": "provider.github"
                },
                "github_team_membership.team_membership.1": {
                    "type": "github_team_membership",
                    "depends_on": [],
                    "primary": {
                        "id": "2826126:idrop",
                        "attributes": {
                            "etag": "W/\"30c7401ad6a2747c89f2d9cd77f957fc\"",
                            "id": "2826126:idrop",
                            "role": "member",
                            "team_id": "2826126",
                            "username": "idrop"
                        },
                        "meta": {},
                        "tainted": false
                    },
                    "deposed": [],
                    "provider": "provider.github"
                },
                "github_team_membership.tech_team_approver": {
                    "type": "github_team_membership",
                    "depends_on": [
                        "data.github_team.approvers_team"
                    ],
                    "primary": {
                        "id": "3101758:idrop",
                        "attributes": {
                            "etag": "W/\"5c77c5ae6d91365b897f089e5201f112\"",
                            "id": "3101758:idrop",
                            "role": "member",
                            "team_id": "3101758",
                            "username": "idrop"
                        },
                        "meta": {},
                        "tainted": false
                    },
                    "deposed": [],
                    "provider": "provider.github"
                }
            },
            "depends_on": []
        },
        {
            "path": [
                "root",
                "user_issyl0"
            ],
            "outputs": {},
            "resources": {
                "data.github_team.approvers_team": {
                    "type": "github_team",
                    "depends_on": [],
                    "primary": {
                        "id": "3101758",
                        "attributes": {
                            "description": "Verify tech team: verify-tech-team-approvers",
                            "id": "3101758",
                            "members.#": "30",
                            "members.0": "idrop",
                            "members.1": "46bit",
                            "members.10": "kerrr",
                            "members.11": "robinmitra",
                            "members.12": "brenetic",
                            "members.13": "CharlesIC",
                            "members.14": "sakisv",
                            "members.15": "ronocg",
                            "members.16": "Rosa-Fox",
                            "members.17": "chrisclayson",
                            "members.18": "smford",
                            "members.19": "blairboy362",
                            "members.2": "galund",
                            "members.20": "Wynndow",
                            "members.21": "andy-paine",
                            "members.22": "tomrosier",
                            "members.23": "bjgill",
                            "members.24": "bravegrape",
                            "members.25": "jstandring-gds",
                            "members.26": "mhussein-gds",
                            "members.27": "adityapahuja",
                            "members.28": "rhowe-gds",
                            "members.29": "AmritSidhu",
                            "members.3": "issyl0",
                            "members.4": "mrwilson",
                            "members.5": "philandstuff",
                            "members.6": "chrisholmes",
                            "members.7": "thomasalanlee",
                            "members.8": "mmhmm",
                            "members.9": "tlwr",
                            "name": "verify-tech-team-approvers",
                            "permission": "pull",
                            "privacy": "closed",
                            "slug": "verify-tech-team-approvers"
                        },
                        "meta": {},
                        "tainted": false
                    },
                    "deposed": [],
                    "provider": "provider.github"
                },
                "data.github_team.tech_team": {
                    "type": "github_team",
                    "depends_on": [],
                    "primary": {
                        "id": "2830432",
                        "attributes": {
                            "description": "Verify Tech Team",
                            "id": "2830432",
                            "members.#": "30",
                            "members.0": "idrop",
                            "members.1": "46bit",
                            "members.10": "kerrr",
                            "members.11": "zilnhoj",
                            "members.12": "Todai88",
                            "members.13": "robinmitra",
                            "members.14": "brenetic",
                            "members.15": "nacnudus",
                            "members.16": "CharlesIC",
                            "members.17": "jkunle",
                            "members.18": "sakisv",
                            "members.19": "stephengrier",
                            "members.2": "galund",
                            "members.20": "ronocg",
                            "members.21": "Rosa-Fox",
                            "members.22": "AnneCarr",
                            "members.23": "ida-build-bot",
                            "members.24": "chrisclayson",
                            "members.25": "smford",
                            "members.26": "blairboy362",
                            "members.27": "Wynndow",
                            "members.28": "andy-paine",
                            "members.29": "tomrosier",
                            "members.3": "issyl0",
                            "members.4": "mrwilson",
                            "members.5": "philandstuff",
                            "members.6": "chrisholmes",
                            "members.7": "thomasalanlee",
                            "members.8": "mmhmm",
                            "members.9": "tlwr",
                            "name": "verify-tech-team",
                            "permission": "pull",
                            "privacy": "closed",
                            "slug": "verify-tech-team"
                        },
                        "meta": {},
                        "tainted": false
                    },
                    "deposed": [],
                    "provider": "provider.github"
                },
                "github_team_membership.team_membership.0": {
                    "type": "github_team_membership",
                    "depends_on": [],
                    "primary": {
                        "id": "2826122:issyl0",
                        "attributes": {
                            "etag": "W/\"e4f040e6e9c4648f34fe657b8b2548fa\"",
                            "id": "2826122:issyl0",
                            "role": "member",
                            "team_id": "2826122",
                            "username": "issyl0"
                        },
                        "meta": {},
                        "tainted": false
                    },
                    "deposed": [],
                    "provider": "provider.github"
                },
                "github_team_membership.team_membership.1": {
                    "type": "github_team_membership",
                    "depends_on": [],
                    "primary": {
                        "id": "2826127:issyl0",
                        "attributes": {
                            "etag": "W/\"17df98f8bcf8531ede62ad3f9433ca1a\"",
                            "id": "2826127:issyl0",
                            "role": "member",
                            "team_id": "2826127",
                            "username": "issyl0"
                        },
                        "meta": {},
                        "tainted": false
                    },
                    "deposed": [],
                    "provider": "provider.github"
                },
                "github_team_membership.tech_team_approver": {
                    "type": "github_team_membership",
                    "depends_on": [
                        "data.github_team.approvers_team"
                    ],
                    "primary": {
                        "id": "3101758:issyl0",
                        "attributes": {
                            "etag": "W/\"dacdcd6d6cf8cf19012b41d3a086b1b0\"",
                            "id": "3101758:issyl0",
                            "role": "member",
                            "team_id": "3101758",
                            "username": "issyl0"
                        },
                        "meta": {},
                        "tainted": false
                    },
                    "deposed": [],
                    "provider": "provider.github"
                }
            },
            "depends_on": []
        },
        {
            "path": [
                "root",
                "user_j_maynard"
            ],
            "outputs": {},
            "resources": {
                "data.github_team.approvers_team": {
                    "type": "github_team",
                    "depends_on": [],
                    "primary": {
                        "id": "3101758",
                        "attributes": {
                            "description": "Verify tech team: verify-tech-team-approvers",
                            "id": "3101758",
                            "members.#": "30",
                            "members.0": "idrop",
                            "members.1": "46bit",
                            "members.10": "kerrr",
                            "members.11": "robinmitra",
                            "members.12": "brenetic",
                            "members.13": "CharlesIC",
                            "members.14": "sakisv",
                            "members.15": "ronocg",
                            "members.16": "Rosa-Fox",
                            "members.17": "chrisclayson",
                            "members.18": "smford",
                            "members.19": "blairboy362",
                            "members.2": "galund",
                            "members.20": "Wynndow",
                            "members.21": "andy-paine",
                            "members.22": "tomrosier",
                            "members.23": "bjgill",
                            "members.24": "bravegrape",
                            "members.25": "jstandring-gds",
                            "members.26": "mhussein-gds",
                            "members.27": "adityapahuja",
                            "members.28": "rhowe-gds",
                            "members.29": "AmritSidhu",
                            "members.3": "issyl0",
                            "members.4": "mrwilson",
                            "members.5": "philandstuff",
                            "members.6": "chrisholmes",
                            "members.7": "thomasalanlee",
                            "members.8": "mmhmm",
                            "members.9": "tlwr",
                            "name": "verify-tech-team-approvers",
                            "permission": "pull",
                            "privacy": "closed",
                            "slug": "verify-tech-team-approvers"
                        },
                        "meta": {},
                        "tainted": false
                    },
                    "deposed": [],
                    "provider": "provider.github"
                },
                "data.github_team.tech_team": {
                    "type": "github_team",
                    "depends_on": [],
                    "primary": {
                        "id": "2830432",
                        "attributes": {
                            "description": "Verify Tech Team",
                            "id": "2830432",
                            "members.#": "30",
                            "members.0": "idrop",
                            "members.1": "46bit",
                            "members.10": "kerrr",
                            "members.11": "zilnhoj",
                            "members.12": "Todai88",
                            "members.13": "robinmitra",
                            "members.14": "brenetic",
                            "members.15": "nacnudus",
                            "members.16": "CharlesIC",
                            "members.17": "jkunle",
                            "members.18": "sakisv",
                            "members.19": "stephengrier",
                            "members.2": "galund",
                            "members.20": "ronocg",
                            "members.21": "Rosa-Fox",
                            "members.22": "AnneCarr",
                            "members.23": "ida-build-bot",
                            "members.24": "chrisclayson",
                            "members.25": "smford",
                            "members.26": "blairboy362",
                            "members.27": "Wynndow",
                            "members.28": "andy-paine",
                            "members.29": "tomrosier",
                            "members.3": "issyl0",
                            "members.4": "mrwilson",
                            "members.5": "philandstuff",
                            "members.6": "chrisholmes",
                            "members.7": "thomasalanlee",
                            "members.8": "mmhmm",
                            "members.9": "tlwr",
                            "name": "verify-tech-team",
                            "permission": "pull",
                            "privacy": "closed",
                            "slug": "verify-tech-team"
                        },
                        "meta": {},
                        "tainted": false
                    },
                    "deposed": [],
                    "provider": "provider.github"
                },
                "github_team_membership.team_membership": {
                    "type": "github_team_membership",
                    "depends_on": [],
                    "primary": {
                        "id": "2826122:j-maynard",
                        "attributes": {
                            "etag": "W/\"a0126ec197c74e1228be1c39872bc870\"",
                            "id": "2826122:j-maynard",
                            "role": "member",
                            "team_id": "2826122",
                            "username": "j-maynard"
                        },
                        "meta": {},
                        "tainted": false
                    },
                    "deposed": [],
                    "provider": "provider.github"
                }
            },
            "depends_on": []
        },
        {
            "path": [
                "root",
                "user_jakubmiarka"
            ],
            "outputs": {},
            "resources": {
                "data.github_team.approvers_team": {
                    "type": "github_team",
                    "depends_on": [],
                    "primary": {
                        "id": "3101758",
                        "attributes": {
                            "description": "Verify tech team: verify-tech-team-approvers",
                            "id": "3101758",
                            "members.#": "30",
                            "members.0": "idrop",
                            "members.1": "46bit",
                            "members.10": "kerrr",
                            "members.11": "robinmitra",
                            "members.12": "brenetic",
                            "members.13": "CharlesIC",
                            "members.14": "sakisv",
                            "members.15": "ronocg",
                            "members.16": "Rosa-Fox",
                            "members.17": "chrisclayson",
                            "members.18": "smford",
                            "members.19": "blairboy362",
                            "members.2": "galund",
                            "members.20": "Wynndow",
                            "members.21": "andy-paine",
                            "members.22": "tomrosier",
                            "members.23": "bjgill",
                            "members.24": "bravegrape",
                            "members.25": "jstandring-gds",
                            "members.26": "mhussein-gds",
                            "members.27": "adityapahuja",
                            "members.28": "rhowe-gds",
                            "members.29": "AmritSidhu",
                            "members.3": "issyl0",
                            "members.4": "mrwilson",
                            "members.5": "philandstuff",
                            "members.6": "chrisholmes",
                            "members.7": "thomasalanlee",
                            "members.8": "mmhmm",
                            "members.9": "tlwr",
                            "name": "verify-tech-team-approvers",
                            "permission": "pull",
                            "privacy": "closed",
                            "slug": "verify-tech-team-approvers"
                        },
                        "meta": {},
                        "tainted": false
                    },
                    "deposed": [],
                    "provider": "provider.github"
                },
                "data.github_team.tech_team": {
                    "type": "github_team",
                    "depends_on": [],
                    "primary": {
                        "id": "2830432",
                        "attributes": {
                            "description": "Verify Tech Team",
                            "id": "2830432",
                            "members.#": "30",
                            "members.0": "idrop",
                            "members.1": "46bit",
                            "members.10": "kerrr",
                            "members.11": "zilnhoj",
                            "members.12": "Todai88",
                            "members.13": "robinmitra",
                            "members.14": "brenetic",
                            "members.15": "nacnudus",
                            "members.16": "CharlesIC",
                            "members.17": "jkunle",
                            "members.18": "sakisv",
                            "members.19": "stephengrier",
                            "members.2": "galund",
                            "members.20": "ronocg",
                            "members.21": "Rosa-Fox",
                            "members.22": "AnneCarr",
                            "members.23": "ida-build-bot",
                            "members.24": "chrisclayson",
                            "members.25": "smford",
                            "members.26": "blairboy362",
                            "members.27": "Wynndow",
                            "members.28": "andy-paine",
                            "members.29": "tomrosier",
                            "members.3": "issyl0",
                            "members.4": "mrwilson",
                            "members.5": "philandstuff",
                            "members.6": "chrisholmes",
                            "members.7": "thomasalanlee",
                            "members.8": "mmhmm",
                            "members.9": "tlwr",
                            "name": "verify-tech-team",
                            "permission": "pull",
                            "privacy": "closed",
                            "slug": "verify-tech-team"
                        },
                        "meta": {},
                        "tainted": false
                    },
                    "deposed": [],
                    "provider": "provider.github"
                },
                "github_team_membership.team_membership": {
                    "type": "github_team_membership",
                    "depends_on": [],
                    "primary": {
                        "id": "2826122:jakubmiarka",
                        "attributes": {
                            "etag": "W/\"0380bf723709195bc0b72cbad267b84f\"",
                            "id": "2826122:jakubmiarka",
                            "role": "maintainer",
                            "team_id": "2826122",
                            "username": "jakubmiarka"
                        },
                        "meta": {},
                        "tainted": false
                    },
                    "deposed": [],
                    "provider": "provider.github"
                },
                "github_team_membership.tech_team_approver": {
                    "type": "github_team_membership",
                    "depends_on": [
                        "data.github_team.approvers_team"
                    ],
                    "primary": {
                        "id": "3101758:jakubmiarka",
                        "attributes": {
                            "etag": "W/\"2aeaba75137845f67a8c4ab5363b3cca\"",
                            "id": "3101758:jakubmiarka",
                            "role": "member",
                            "team_id": "3101758",
                            "username": "jakubmiarka"
                        },
                        "meta": {},
                        "tainted": false
                    },
                    "deposed": [],
                    "provider": "provider.github"
                },
                "github_team_membership.tech_team_maintainer": {
                    "type": "github_team_membership",
                    "depends_on": [
                        "data.github_team.tech_team"
                    ],
                    "primary": {
                        "id": "2830432:jakubmiarka",
                        "attributes": {
                            "etag": "W/\"e9c36abadc2213894a537618ac720e6a\"",
                            "id": "2830432:jakubmiarka",
                            "role": "maintainer",
                            "team_id": "2830432",
                            "username": "jakubmiarka"
                        },
                        "meta": {},
                        "tainted": false
                    },
                    "deposed": [],
                    "provider": "provider.github"
                }
            },
            "depends_on": []
        },
        {
            "path": [
                "root",
                "user_jhjava"
            ],
            "outputs": {},
            "resources": {
                "data.github_team.approvers_team": {
                    "type": "github_team",
                    "depends_on": [],
                    "primary": {
                        "id": "3101758",
                        "attributes": {
                            "description": "Verify tech team: verify-tech-team-approvers",
                            "id": "3101758",
                            "members.#": "30",
                            "members.0": "idrop",
                            "members.1": "46bit",
                            "members.10": "kerrr",
                            "members.11": "robinmitra",
                            "members.12": "brenetic",
                            "members.13": "CharlesIC",
                            "members.14": "sakisv",
                            "members.15": "ronocg",
                            "members.16": "Rosa-Fox",
                            "members.17": "chrisclayson",
                            "members.18": "smford",
                            "members.19": "blairboy362",
                            "members.2": "galund",
                            "members.20": "Wynndow",
                            "members.21": "andy-paine",
                            "members.22": "tomrosier",
                            "members.23": "bjgill",
                            "members.24": "bravegrape",
                            "members.25": "jstandring-gds",
                            "members.26": "mhussein-gds",
                            "members.27": "adityapahuja",
                            "members.28": "rhowe-gds",
                            "members.29": "AmritSidhu",
                            "members.3": "issyl0",
                            "members.4": "mrwilson",
                            "members.5": "philandstuff",
                            "members.6": "chrisholmes",
                            "members.7": "thomasalanlee",
                            "members.8": "mmhmm",
                            "members.9": "tlwr",
                            "name": "verify-tech-team-approvers",
                            "permission": "pull",
                            "privacy": "closed",
                            "slug": "verify-tech-team-approvers"
                        },
                        "meta": {},
                        "tainted": false
                    },
                    "deposed": [],
                    "provider": "provider.github"
                },
                "data.github_team.tech_team": {
                    "type": "github_team",
                    "depends_on": [],
                    "primary": {
                        "id": "2830432",
                        "attributes": {
                            "description": "Verify Tech Team",
                            "id": "2830432",
                            "members.#": "30",
                            "members.0": "idrop",
                            "members.1": "46bit",
                            "members.10": "kerrr",
                            "members.11": "zilnhoj",
                            "members.12": "Todai88",
                            "members.13": "robinmitra",
                            "members.14": "brenetic",
                            "members.15": "nacnudus",
                            "members.16": "CharlesIC",
                            "members.17": "jkunle",
                            "members.18": "sakisv",
                            "members.19": "stephengrier",
                            "members.2": "galund",
                            "members.20": "ronocg",
                            "members.21": "Rosa-Fox",
                            "members.22": "AnneCarr",
                            "members.23": "ida-build-bot",
                            "members.24": "chrisclayson",
                            "members.25": "smford",
                            "members.26": "blairboy362",
                            "members.27": "Wynndow",
                            "members.28": "andy-paine",
                            "members.29": "tomrosier",
                            "members.3": "issyl0",
                            "members.4": "mrwilson",
                            "members.5": "philandstuff",
                            "members.6": "chrisholmes",
                            "members.7": "thomasalanlee",
                            "members.8": "mmhmm",
                            "members.9": "tlwr",
                            "name": "verify-tech-team",
                            "permission": "pull",
                            "privacy": "closed",
                            "slug": "verify-tech-team"
                        },
                        "meta": {},
                        "tainted": false
                    },
                    "deposed": [],
                    "provider": "provider.github"
                },
                "github_team_membership.team_membership.0": {
                    "type": "github_team_membership",
                    "depends_on": [],
                    "primary": {
                        "id": "2826122:JHjava",
                        "attributes": {
                            "etag": "W/\"18f1d47557a5036714504b5032a3f4b2\"",
                            "id": "2826122:JHjava",
                            "role": "maintainer",
                            "team_id": "2826122",
                            "username": "JHjava"
                        },
                        "meta": {},
                        "tainted": false
                    },
                    "deposed": [],
                    "provider": "provider.github"
                },
                "github_team_membership.team_membership.1": {
                    "type": "github_team_membership",
                    "depends_on": [],
                    "primary": {
                        "id": "2826126:JHjava",
                        "attributes": {
                            "etag": "W/\"2ccb61079cf8c1be45b291f651ceb7ff\"",
                            "id": "2826126:JHjava",
                            "role": "maintainer",
                            "team_id": "2826126",
                            "username": "JHjava"
                        },
                        "meta": {},
                        "tainted": false
                    },
                    "deposed": [],
                    "provider": "provider.github"
                },
                "github_team_membership.tech_team_approver": {
                    "type": "github_team_membership",
                    "depends_on": [
                        "data.github_team.approvers_team"
                    ],
                    "primary": {
                        "id": "3101758:JHjava",
                        "attributes": {
                            "etag": "W/\"405d2d44a607d792e7b4d62c6c266e26\"",
                            "id": "3101758:JHjava",
                            "role": "member",
                            "team_id": "3101758",
                            "username": "JHjava"
                        },
                        "meta": {},
                        "tainted": false
                    },
                    "deposed": [],
                    "provider": "provider.github"
                },
                "github_team_membership.tech_team_maintainer": {
                    "type": "github_team_membership",
                    "depends_on": [
                        "data.github_team.tech_team"
                    ],
                    "primary": {
                        "id": "2830432:JHjava",
                        "attributes": {
                            "etag": "W/\"32a2f1ad88483140194fa98c28955027\"",
                            "id": "2830432:JHjava",
                            "role": "maintainer",
                            "team_id": "2830432",
                            "username": "JHjava"
                        },
                        "meta": {},
                        "tainted": false
                    },
                    "deposed": [],
                    "provider": "provider.github"
                }
            },
            "depends_on": []
        },
        {
            "path": [
                "root",
                "user_jkunle"
            ],
            "outputs": {},
            "resources": {
                "data.github_team.approvers_team": {
                    "type": "github_team",
                    "depends_on": [],
                    "primary": {
                        "id": "3101758",
                        "attributes": {
                            "description": "Verify tech team: verify-tech-team-approvers",
                            "id": "3101758",
                            "members.#": "30",
                            "members.0": "idrop",
                            "members.1": "46bit",
                            "members.10": "kerrr",
                            "members.11": "robinmitra",
                            "members.12": "brenetic",
                            "members.13": "CharlesIC",
                            "members.14": "sakisv",
                            "members.15": "ronocg",
                            "members.16": "Rosa-Fox",
                            "members.17": "chrisclayson",
                            "members.18": "smford",
                            "members.19": "blairboy362",
                            "members.2": "galund",
                            "members.20": "Wynndow",
                            "members.21": "andy-paine",
                            "members.22": "tomrosier",
                            "members.23": "bjgill",
                            "members.24": "bravegrape",
                            "members.25": "jstandring-gds",
                            "members.26": "mhussein-gds",
                            "members.27": "adityapahuja",
                            "members.28": "rhowe-gds",
                            "members.29": "AmritSidhu",
                            "members.3": "issyl0",
                            "members.4": "mrwilson",
                            "members.5": "philandstuff",
                            "members.6": "chrisholmes",
                            "members.7": "thomasalanlee",
                            "members.8": "mmhmm",
                            "members.9": "tlwr",
                            "name": "verify-tech-team-approvers",
                            "permission": "pull",
                            "privacy": "closed",
                            "slug": "verify-tech-team-approvers"
                        },
                        "meta": {},
                        "tainted": false
                    },
                    "deposed": [],
                    "provider": "provider.github"
                },
                "data.github_team.tech_team": {
                    "type": "github_team",
                    "depends_on": [],
                    "primary": {
                        "id": "2830432",
                        "attributes": {
                            "description": "Verify Tech Team",
                            "id": "2830432",
                            "members.#": "30",
                            "members.0": "idrop",
                            "members.1": "46bit",
                            "members.10": "kerrr",
                            "members.11": "zilnhoj",
                            "members.12": "Todai88",
                            "members.13": "robinmitra",
                            "members.14": "brenetic",
                            "members.15": "nacnudus",
                            "members.16": "CharlesIC",
                            "members.17": "jkunle",
                            "members.18": "sakisv",
                            "members.19": "stephengrier",
                            "members.2": "galund",
                            "members.20": "ronocg",
                            "members.21": "Rosa-Fox",
                            "members.22": "AnneCarr",
                            "members.23": "ida-build-bot",
                            "members.24": "chrisclayson",
                            "members.25": "smford",
                            "members.26": "blairboy362",
                            "members.27": "Wynndow",
                            "members.28": "andy-paine",
                            "members.29": "tomrosier",
                            "members.3": "issyl0",
                            "members.4": "mrwilson",
                            "members.5": "philandstuff",
                            "members.6": "chrisholmes",
                            "members.7": "thomasalanlee",
                            "members.8": "mmhmm",
                            "members.9": "tlwr",
                            "name": "verify-tech-team",
                            "permission": "pull",
                            "privacy": "closed",
                            "slug": "verify-tech-team"
                        },
                        "meta": {},
                        "tainted": false
                    },
                    "deposed": [],
                    "provider": "provider.github"
                },
                "github_team_membership.team_membership": {
                    "type": "github_team_membership",
                    "depends_on": [],
                    "primary": {
                        "id": "2826122:jkunle",
                        "attributes": {
                            "etag": "W/\"494f59445bb3b41d754e9bbd9a5fda3a\"",
                            "id": "2826122:jkunle",
                            "role": "member",
                            "team_id": "2826122",
                            "username": "jkunle"
                        },
                        "meta": {},
                        "tainted": false
                    },
                    "deposed": [],
                    "provider": "provider.github"
                }
            },
            "depends_on": []
        },
        {
            "path": [
                "root",
                "user_johnwattsgds"
            ],
            "outputs": {},
            "resources": {
                "data.github_team.approvers_team": {
                    "type": "github_team",
                    "depends_on": [],
                    "primary": {
                        "id": "3101758",
                        "attributes": {
                            "description": "Verify tech team: verify-tech-team-approvers",
                            "id": "3101758",
                            "members.#": "30",
                            "members.0": "idrop",
                            "members.1": "46bit",
                            "members.10": "kerrr",
                            "members.11": "robinmitra",
                            "members.12": "brenetic",
                            "members.13": "CharlesIC",
                            "members.14": "sakisv",
                            "members.15": "ronocg",
                            "members.16": "Rosa-Fox",
                            "members.17": "chrisclayson",
                            "members.18": "smford",
                            "members.19": "blairboy362",
                            "members.2": "galund",
                            "members.20": "Wynndow",
                            "members.21": "andy-paine",
                            "members.22": "tomrosier",
                            "members.23": "bjgill",
                            "members.24": "bravegrape",
                            "members.25": "jstandring-gds",
                            "members.26": "mhussein-gds",
                            "members.27": "adityapahuja",
                            "members.28": "rhowe-gds",
                            "members.29": "AmritSidhu",
                            "members.3": "issyl0",
                            "members.4": "mrwilson",
                            "members.5": "philandstuff",
                            "members.6": "chrisholmes",
                            "members.7": "thomasalanlee",
                            "members.8": "mmhmm",
                            "members.9": "tlwr",
                            "name": "verify-tech-team-approvers",
                            "permission": "pull",
                            "privacy": "closed",
                            "slug": "verify-tech-team-approvers"
                        },
                        "meta": {},
                        "tainted": false
                    },
                    "deposed": [],
                    "provider": "provider.github"
                },
                "data.github_team.tech_team": {
                    "type": "github_team",
                    "depends_on": [],
                    "primary": {
                        "id": "2830432",
                        "attributes": {
                            "description": "Verify Tech Team",
                            "id": "2830432",
                            "members.#": "30",
                            "members.0": "idrop",
                            "members.1": "46bit",
                            "members.10": "kerrr",
                            "members.11": "zilnhoj",
                            "members.12": "Todai88",
                            "members.13": "robinmitra",
                            "members.14": "brenetic",
                            "members.15": "nacnudus",
                            "members.16": "CharlesIC",
                            "members.17": "jkunle",
                            "members.18": "sakisv",
                            "members.19": "stephengrier",
                            "members.2": "galund",
                            "members.20": "ronocg",
                            "members.21": "Rosa-Fox",
                            "members.22": "AnneCarr",
                            "members.23": "ida-build-bot",
                            "members.24": "chrisclayson",
                            "members.25": "smford",
                            "members.26": "blairboy362",
                            "members.27": "Wynndow",
                            "members.28": "andy-paine",
                            "members.29": "tomrosier",
                            "members.3": "issyl0",
                            "members.4": "mrwilson",
                            "members.5": "philandstuff",
                            "members.6": "chrisholmes",
                            "members.7": "thomasalanlee",
                            "members.8": "mmhmm",
                            "members.9": "tlwr",
                            "name": "verify-tech-team",
                            "permission": "pull",
                            "privacy": "closed",
                            "slug": "verify-tech-team"
                        },
                        "meta": {},
                        "tainted": false
                    },
                    "deposed": [],
                    "provider": "provider.github"
                },
                "github_team_membership.team_membership.0": {
                    "type": "github_team_membership",
                    "depends_on": [],
                    "primary": {
                        "id": "2826122:johnwattsgds",
                        "attributes": {
                            "etag": "W/\"c8e63a22a0d764fafbe2bc191f00f652\"",
                            "id": "2826122:johnwattsgds",
                            "role": "member",
                            "team_id": "2826122",
                            "username": "JohnWattsGDS"
                        },
                        "meta": {},
                        "tainted": false
                    },
                    "deposed": [],
                    "provider": "provider.github"
                },
                "github_team_membership.team_membership.1": {
                    "type": "github_team_membership",
                    "depends_on": [],
                    "primary": {
                        "id": "2826126:JohnWattsGDS",
                        "attributes": {
                            "etag": "W/\"1846d120c903a3884eb59e02e75dc172\"",
                            "id": "2826126:JohnWattsGDS",
                            "role": "member",
                            "team_id": "2826126",
                            "username": "JohnWattsGDS"
                        },
                        "meta": {},
                        "tainted": false
                    },
                    "deposed": [],
                    "provider": "provider.github"
                },
                "github_team_membership.tech_team_approver": {
                    "type": "github_team_membership",
                    "depends_on": [
                        "data.github_team.approvers_team"
                    ],
                    "primary": {
                        "id": "3101758:JohnWattsGDS",
                        "attributes": {
                            "etag": "W/\"1029fd9cc027aa32003eeb42c163c22a\"",
                            "id": "3101758:JohnWattsGDS",
                            "role": "member",
                            "team_id": "3101758",
                            "username": "JohnWattsGDS"
                        },
                        "meta": {},
                        "tainted": false
                    },
                    "deposed": [],
                    "provider": "provider.github"
                }
            },
            "depends_on": []
        },
        {
            "path": [
                "root",
                "user_jstandring_gds"
            ],
            "outputs": {},
            "resources": {
                "data.github_team.approvers_team": {
                    "type": "github_team",
                    "depends_on": [],
                    "primary": {
                        "id": "3101758",
                        "attributes": {
                            "description": "Verify tech team: verify-tech-team-approvers",
                            "id": "3101758",
                            "members.#": "30",
                            "members.0": "idrop",
                            "members.1": "46bit",
                            "members.10": "kerrr",
                            "members.11": "robinmitra",
                            "members.12": "brenetic",
                            "members.13": "CharlesIC",
                            "members.14": "sakisv",
                            "members.15": "ronocg",
                            "members.16": "Rosa-Fox",
                            "members.17": "chrisclayson",
                            "members.18": "smford",
                            "members.19": "blairboy362",
                            "members.2": "galund",
                            "members.20": "Wynndow",
                            "members.21": "andy-paine",
                            "members.22": "tomrosier",
                            "members.23": "bjgill",
                            "members.24": "bravegrape",
                            "members.25": "jstandring-gds",
                            "members.26": "mhussein-gds",
                            "members.27": "adityapahuja",
                            "members.28": "rhowe-gds",
                            "members.29": "AmritSidhu",
                            "members.3": "issyl0",
                            "members.4": "mrwilson",
                            "members.5": "philandstuff",
                            "members.6": "chrisholmes",
                            "members.7": "thomasalanlee",
                            "members.8": "mmhmm",
                            "members.9": "tlwr",
                            "name": "verify-tech-team-approvers",
                            "permission": "pull",
                            "privacy": "closed",
                            "slug": "verify-tech-team-approvers"
                        },
                        "meta": {},
                        "tainted": false
                    },
                    "deposed": [],
                    "provider": "provider.github"
                },
                "data.github_team.tech_team": {
                    "type": "github_team",
                    "depends_on": [],
                    "primary": {
                        "id": "2830432",
                        "attributes": {
                            "description": "Verify Tech Team",
                            "id": "2830432",
                            "members.#": "30",
                            "members.0": "idrop",
                            "members.1": "46bit",
                            "members.10": "kerrr",
                            "members.11": "zilnhoj",
                            "members.12": "Todai88",
                            "members.13": "robinmitra",
                            "members.14": "brenetic",
                            "members.15": "nacnudus",
                            "members.16": "CharlesIC",
                            "members.17": "jkunle",
                            "members.18": "sakisv",
                            "members.19": "stephengrier",
                            "members.2": "galund",
                            "members.20": "ronocg",
                            "members.21": "Rosa-Fox",
                            "members.22": "AnneCarr",
                            "members.23": "ida-build-bot",
                            "members.24": "chrisclayson",
                            "members.25": "smford",
                            "members.26": "blairboy362",
                            "members.27": "Wynndow",
                            "members.28": "andy-paine",
                            "members.29": "tomrosier",
                            "members.3": "issyl0",
                            "members.4": "mrwilson",
                            "members.5": "philandstuff",
                            "members.6": "chrisholmes",
                            "members.7": "thomasalanlee",
                            "members.8": "mmhmm",
                            "members.9": "tlwr",
                            "name": "verify-tech-team",
                            "permission": "pull",
                            "privacy": "closed",
                            "slug": "verify-tech-team"
                        },
                        "meta": {},
                        "tainted": false
                    },
                    "deposed": [],
                    "provider": "provider.github"
                },
                "github_team_membership.team_membership": {
                    "type": "github_team_membership",
                    "depends_on": [],
                    "primary": {
                        "id": "2826127:jstandring-gds",
                        "attributes": {
                            "etag": "W/\"fc8229fe9e4fd5751111ad62b5e1593d\"",
                            "id": "2826127:jstandring-gds",
                            "role": "member",
                            "team_id": "2826127",
                            "username": "jstandring-gds"
                        },
                        "meta": {},
                        "tainted": false
                    },
                    "deposed": [],
                    "provider": "provider.github"
                },
                "github_team_membership.tech_team_approver": {
                    "type": "github_team_membership",
                    "depends_on": [
                        "data.github_team.approvers_team"
                    ],
                    "primary": {
                        "id": "3101758:jstandring-gds",
                        "attributes": {
                            "etag": "W/\"47567a8a6dcce3b54c90776679dfedf1\"",
                            "id": "3101758:jstandring-gds",
                            "role": "member",
                            "team_id": "3101758",
                            "username": "jstandring-gds"
                        },
                        "meta": {},
                        "tainted": false
                    },
                    "deposed": [],
                    "provider": "provider.github"
                }
            },
            "depends_on": []
        },
        {
            "path": [
                "root",
                "user_kerrr"
            ],
            "outputs": {},
            "resources": {
                "data.github_team.approvers_team": {
                    "type": "github_team",
                    "depends_on": [],
                    "primary": {
                        "id": "3101758",
                        "attributes": {
                            "description": "Verify tech team: verify-tech-team-approvers",
                            "id": "3101758",
                            "members.#": "30",
                            "members.0": "idrop",
                            "members.1": "46bit",
                            "members.10": "kerrr",
                            "members.11": "robinmitra",
                            "members.12": "brenetic",
                            "members.13": "CharlesIC",
                            "members.14": "sakisv",
                            "members.15": "ronocg",
                            "members.16": "Rosa-Fox",
                            "members.17": "chrisclayson",
                            "members.18": "smford",
                            "members.19": "blairboy362",
                            "members.2": "galund",
                            "members.20": "Wynndow",
                            "members.21": "andy-paine",
                            "members.22": "tomrosier",
                            "members.23": "bjgill",
                            "members.24": "bravegrape",
                            "members.25": "jstandring-gds",
                            "members.26": "mhussein-gds",
                            "members.27": "adityapahuja",
                            "members.28": "rhowe-gds",
                            "members.29": "AmritSidhu",
                            "members.3": "issyl0",
                            "members.4": "mrwilson",
                            "members.5": "philandstuff",
                            "members.6": "chrisholmes",
                            "members.7": "thomasalanlee",
                            "members.8": "mmhmm",
                            "members.9": "tlwr",
                            "name": "verify-tech-team-approvers",
                            "permission": "pull",
                            "privacy": "closed",
                            "slug": "verify-tech-team-approvers"
                        },
                        "meta": {},
                        "tainted": false
                    },
                    "deposed": [],
                    "provider": "provider.github"
                },
                "data.github_team.tech_team": {
                    "type": "github_team",
                    "depends_on": [],
                    "primary": {
                        "id": "2830432",
                        "attributes": {
                            "description": "Verify Tech Team",
                            "id": "2830432",
                            "members.#": "30",
                            "members.0": "idrop",
                            "members.1": "46bit",
                            "members.10": "kerrr",
                            "members.11": "zilnhoj",
                            "members.12": "Todai88",
                            "members.13": "robinmitra",
                            "members.14": "brenetic",
                            "members.15": "nacnudus",
                            "members.16": "CharlesIC",
                            "members.17": "jkunle",
                            "members.18": "sakisv",
                            "members.19": "stephengrier",
                            "members.2": "galund",
                            "members.20": "ronocg",
                            "members.21": "Rosa-Fox",
                            "members.22": "AnneCarr",
                            "members.23": "ida-build-bot",
                            "members.24": "chrisclayson",
                            "members.25": "smford",
                            "members.26": "blairboy362",
                            "members.27": "Wynndow",
                            "members.28": "andy-paine",
                            "members.29": "tomrosier",
                            "members.3": "issyl0",
                            "members.4": "mrwilson",
                            "members.5": "philandstuff",
                            "members.6": "chrisholmes",
                            "members.7": "thomasalanlee",
                            "members.8": "mmhmm",
                            "members.9": "tlwr",
                            "name": "verify-tech-team",
                            "permission": "pull",
                            "privacy": "closed",
                            "slug": "verify-tech-team"
                        },
                        "meta": {},
                        "tainted": false
                    },
                    "deposed": [],
                    "provider": "provider.github"
                },
                "github_team_membership.team_membership": {
                    "type": "github_team_membership",
                    "depends_on": [],
                    "primary": {
                        "id": "2826122:kerrr",
                        "attributes": {
                            "etag": "W/\"01bedeed362d50a79d7162c0b4b484bd\"",
                            "id": "2826122:kerrr",
                            "role": "member",
                            "team_id": "2826122",
                            "username": "kerrr"
                        },
                        "meta": {},
                        "tainted": false
                    },
                    "deposed": [],
                    "provider": "provider.github"
                },
                "github_team_membership.tech_team_approver": {
                    "type": "github_team_membership",
                    "depends_on": [
                        "data.github_team.approvers_team"
                    ],
                    "primary": {
                        "id": "3101758:kerrr",
                        "attributes": {
                            "etag": "W/\"06a608f66326349c6ea6b0cc114f27ea\"",
                            "id": "3101758:kerrr",
                            "role": "member",
                            "team_id": "3101758",
                            "username": "kerrr"
                        },
                        "meta": {},
                        "tainted": false
                    },
                    "deposed": [],
                    "provider": "provider.github"
                }
            },
            "depends_on": []
        },
        {
            "path": [
                "root",
                "user_mariaslo"
            ],
            "outputs": {},
            "resources": {
                "data.github_team.approvers_team": {
                    "type": "github_team",
                    "depends_on": [],
                    "primary": {
                        "id": "3101758",
                        "attributes": {
                            "description": "Verify tech team: verify-tech-team-approvers",
                            "id": "3101758",
                            "members.#": "30",
                            "members.0": "idrop",
                            "members.1": "46bit",
                            "members.10": "kerrr",
                            "members.11": "robinmitra",
                            "members.12": "brenetic",
                            "members.13": "CharlesIC",
                            "members.14": "sakisv",
                            "members.15": "ronocg",
                            "members.16": "Rosa-Fox",
                            "members.17": "chrisclayson",
                            "members.18": "smford",
                            "members.19": "blairboy362",
                            "members.2": "galund",
                            "members.20": "Wynndow",
                            "members.21": "andy-paine",
                            "members.22": "tomrosier",
                            "members.23": "bjgill",
                            "members.24": "bravegrape",
                            "members.25": "jstandring-gds",
                            "members.26": "mhussein-gds",
                            "members.27": "adityapahuja",
                            "members.28": "rhowe-gds",
                            "members.29": "AmritSidhu",
                            "members.3": "issyl0",
                            "members.4": "mrwilson",
                            "members.5": "philandstuff",
                            "members.6": "chrisholmes",
                            "members.7": "thomasalanlee",
                            "members.8": "mmhmm",
                            "members.9": "tlwr",
                            "name": "verify-tech-team-approvers",
                            "permission": "pull",
                            "privacy": "closed",
                            "slug": "verify-tech-team-approvers"
                        },
                        "meta": {},
                        "tainted": false
                    },
                    "deposed": [],
                    "provider": "provider.github"
                },
                "data.github_team.tech_team": {
                    "type": "github_team",
                    "depends_on": [],
                    "primary": {
                        "id": "2830432",
                        "attributes": {
                            "description": "Verify Tech Team",
                            "id": "2830432",
                            "members.#": "30",
                            "members.0": "idrop",
                            "members.1": "46bit",
                            "members.10": "kerrr",
                            "members.11": "zilnhoj",
                            "members.12": "Todai88",
                            "members.13": "robinmitra",
                            "members.14": "brenetic",
                            "members.15": "nacnudus",
                            "members.16": "CharlesIC",
                            "members.17": "jkunle",
                            "members.18": "sakisv",
                            "members.19": "stephengrier",
                            "members.2": "galund",
                            "members.20": "ronocg",
                            "members.21": "Rosa-Fox",
                            "members.22": "AnneCarr",
                            "members.23": "ida-build-bot",
                            "members.24": "chrisclayson",
                            "members.25": "smford",
                            "members.26": "blairboy362",
                            "members.27": "Wynndow",
                            "members.28": "andy-paine",
                            "members.29": "tomrosier",
                            "members.3": "issyl0",
                            "members.4": "mrwilson",
                            "members.5": "philandstuff",
                            "members.6": "chrisholmes",
                            "members.7": "thomasalanlee",
                            "members.8": "mmhmm",
                            "members.9": "tlwr",
                            "name": "verify-tech-team",
                            "permission": "pull",
                            "privacy": "closed",
                            "slug": "verify-tech-team"
                        },
                        "meta": {},
                        "tainted": false
                    },
                    "deposed": [],
                    "provider": "provider.github"
                },
                "github_team_membership.team_membership": {
                    "type": "github_team_membership",
                    "depends_on": [],
                    "primary": {
                        "id": "2826122:Mariaslo",
                        "attributes": {
                            "etag": "W/\"f1bed6286166ef8e0a843c589734bf86\"",
                            "id": "2826122:Mariaslo",
                            "role": "member",
                            "team_id": "2826122",
                            "username": "Mariaslo"
                        },
                        "meta": {},
                        "tainted": false
                    },
                    "deposed": [],
                    "provider": "provider.github"
                }
            },
            "depends_on": []
        },
        {
            "path": [
                "root",
                "user_mhussein_gds"
            ],
            "outputs": {},
            "resources": {
                "data.github_team.approvers_team": {
                    "type": "github_team",
                    "depends_on": [],
                    "primary": {
                        "id": "3101758",
                        "attributes": {
                            "description": "Verify tech team: verify-tech-team-approvers",
                            "id": "3101758",
                            "members.#": "30",
                            "members.0": "idrop",
                            "members.1": "46bit",
                            "members.10": "kerrr",
                            "members.11": "robinmitra",
                            "members.12": "brenetic",
                            "members.13": "CharlesIC",
                            "members.14": "sakisv",
                            "members.15": "ronocg",
                            "members.16": "Rosa-Fox",
                            "members.17": "chrisclayson",
                            "members.18": "smford",
                            "members.19": "blairboy362",
                            "members.2": "galund",
                            "members.20": "Wynndow",
                            "members.21": "andy-paine",
                            "members.22": "tomrosier",
                            "members.23": "bjgill",
                            "members.24": "bravegrape",
                            "members.25": "jstandring-gds",
                            "members.26": "mhussein-gds",
                            "members.27": "adityapahuja",
                            "members.28": "rhowe-gds",
                            "members.29": "AmritSidhu",
                            "members.3": "issyl0",
                            "members.4": "mrwilson",
                            "members.5": "philandstuff",
                            "members.6": "chrisholmes",
                            "members.7": "thomasalanlee",
                            "members.8": "mmhmm",
                            "members.9": "tlwr",
                            "name": "verify-tech-team-approvers",
                            "permission": "pull",
                            "privacy": "closed",
                            "slug": "verify-tech-team-approvers"
                        },
                        "meta": {},
                        "tainted": false
                    },
                    "deposed": [],
                    "provider": "provider.github"
                },
                "data.github_team.tech_team": {
                    "type": "github_team",
                    "depends_on": [],
                    "primary": {
                        "id": "2830432",
                        "attributes": {
                            "description": "Verify Tech Team",
                            "id": "2830432",
                            "members.#": "30",
                            "members.0": "idrop",
                            "members.1": "46bit",
                            "members.10": "kerrr",
                            "members.11": "zilnhoj",
                            "members.12": "Todai88",
                            "members.13": "robinmitra",
                            "members.14": "brenetic",
                            "members.15": "nacnudus",
                            "members.16": "CharlesIC",
                            "members.17": "jkunle",
                            "members.18": "sakisv",
                            "members.19": "stephengrier",
                            "members.2": "galund",
                            "members.20": "ronocg",
                            "members.21": "Rosa-Fox",
                            "members.22": "AnneCarr",
                            "members.23": "ida-build-bot",
                            "members.24": "chrisclayson",
                            "members.25": "smford",
                            "members.26": "blairboy362",
                            "members.27": "Wynndow",
                            "members.28": "andy-paine",
                            "members.29": "tomrosier",
                            "members.3": "issyl0",
                            "members.4": "mrwilson",
                            "members.5": "philandstuff",
                            "members.6": "chrisholmes",
                            "members.7": "thomasalanlee",
                            "members.8": "mmhmm",
                            "members.9": "tlwr",
                            "name": "verify-tech-team",
                            "permission": "pull",
                            "privacy": "closed",
                            "slug": "verify-tech-team"
                        },
                        "meta": {},
                        "tainted": false
                    },
                    "deposed": [],
                    "provider": "provider.github"
                },
                "github_team_membership.team_membership": {
                    "type": "github_team_membership",
                    "depends_on": [],
                    "primary": {
                        "id": "2826122:mhussein-gds",
                        "attributes": {
                            "etag": "W/\"d88acea61dbd3485c669bb5cbcaf8bcc\"",
                            "id": "2826122:mhussein-gds",
                            "role": "member",
                            "team_id": "2826122",
                            "username": "mhussein-gds"
                        },
                        "meta": {},
                        "tainted": false
                    },
                    "deposed": [],
                    "provider": "provider.github"
                },
                "github_team_membership.tech_team_approver": {
                    "type": "github_team_membership",
                    "depends_on": [
                        "data.github_team.approvers_team"
                    ],
                    "primary": {
                        "id": "3101758:mhussein-gds",
                        "attributes": {
                            "etag": "W/\"5463b35001b5136aa066a7e5d82d4f53\"",
                            "id": "3101758:mhussein-gds",
                            "role": "member",
                            "team_id": "3101758",
                            "username": "mhussein-gds"
                        },
                        "meta": {},
                        "tainted": false
                    },
                    "deposed": [],
                    "provider": "provider.github"
                }
            },
            "depends_on": []
        },
        {
            "path": [
                "root",
                "user_mmhmm"
            ],
            "outputs": {},
            "resources": {
                "data.github_team.approvers_team": {
                    "type": "github_team",
                    "depends_on": [],
                    "primary": {
                        "id": "3101758",
                        "attributes": {
                            "description": "Verify tech team: verify-tech-team-approvers",
                            "id": "3101758",
                            "members.#": "30",
                            "members.0": "idrop",
                            "members.1": "46bit",
                            "members.10": "kerrr",
                            "members.11": "robinmitra",
                            "members.12": "brenetic",
                            "members.13": "CharlesIC",
                            "members.14": "sakisv",
                            "members.15": "ronocg",
                            "members.16": "Rosa-Fox",
                            "members.17": "chrisclayson",
                            "members.18": "smford",
                            "members.19": "blairboy362",
                            "members.2": "galund",
                            "members.20": "Wynndow",
                            "members.21": "andy-paine",
                            "members.22": "tomrosier",
                            "members.23": "bjgill",
                            "members.24": "bravegrape",
                            "members.25": "jstandring-gds",
                            "members.26": "mhussein-gds",
                            "members.27": "adityapahuja",
                            "members.28": "rhowe-gds",
                            "members.29": "AmritSidhu",
                            "members.3": "issyl0",
                            "members.4": "mrwilson",
                            "members.5": "philandstuff",
                            "members.6": "chrisholmes",
                            "members.7": "thomasalanlee",
                            "members.8": "mmhmm",
                            "members.9": "tlwr",
                            "name": "verify-tech-team-approvers",
                            "permission": "pull",
                            "privacy": "closed",
                            "slug": "verify-tech-team-approvers"
                        },
                        "meta": {},
                        "tainted": false
                    },
                    "deposed": [],
                    "provider": "provider.github"
                },
                "data.github_team.tech_team": {
                    "type": "github_team",
                    "depends_on": [],
                    "primary": {
                        "id": "2830432",
                        "attributes": {
                            "description": "Verify Tech Team",
                            "id": "2830432",
                            "members.#": "30",
                            "members.0": "idrop",
                            "members.1": "46bit",
                            "members.10": "kerrr",
                            "members.11": "zilnhoj",
                            "members.12": "Todai88",
                            "members.13": "robinmitra",
                            "members.14": "brenetic",
                            "members.15": "nacnudus",
                            "members.16": "CharlesIC",
                            "members.17": "jkunle",
                            "members.18": "sakisv",
                            "members.19": "stephengrier",
                            "members.2": "galund",
                            "members.20": "ronocg",
                            "members.21": "Rosa-Fox",
                            "members.22": "AnneCarr",
                            "members.23": "ida-build-bot",
                            "members.24": "chrisclayson",
                            "members.25": "smford",
                            "members.26": "blairboy362",
                            "members.27": "Wynndow",
                            "members.28": "andy-paine",
                            "members.29": "tomrosier",
                            "members.3": "issyl0",
                            "members.4": "mrwilson",
                            "members.5": "philandstuff",
                            "members.6": "chrisholmes",
                            "members.7": "thomasalanlee",
                            "members.8": "mmhmm",
                            "members.9": "tlwr",
                            "name": "verify-tech-team",
                            "permission": "pull",
                            "privacy": "closed",
                            "slug": "verify-tech-team"
                        },
                        "meta": {},
                        "tainted": false
                    },
                    "deposed": [],
                    "provider": "provider.github"
                },
                "github_team_membership.team_membership": {
                    "type": "github_team_membership",
                    "depends_on": [],
                    "primary": {
                        "id": "2826127:mmhmm",
                        "attributes": {
                            "etag": "W/\"0db85f8bf930922831102b6fe2b0ffd1\"",
                            "id": "2826127:mmhmm",
                            "role": "member",
                            "team_id": "2826127",
                            "username": "mmhmm"
                        },
                        "meta": {},
                        "tainted": false
                    },
                    "deposed": [],
                    "provider": "provider.github"
                },
                "github_team_membership.tech_team_approver": {
                    "type": "github_team_membership",
                    "depends_on": [
                        "data.github_team.approvers_team"
                    ],
                    "primary": {
                        "id": "3101758:mmhmm",
                        "attributes": {
                            "etag": "W/\"10ab5051c16840e320a68b973e026882\"",
                            "id": "3101758:mmhmm",
                            "role": "member",
                            "team_id": "3101758",
                            "username": "mmhmm"
                        },
                        "meta": {},
                        "tainted": false
                    },
                    "deposed": [],
                    "provider": "provider.github"
                }
            },
            "depends_on": []
        },
        {
            "path": [
                "root",
                "user_mrwilson"
            ],
            "outputs": {},
            "resources": {
                "data.github_team.approvers_team": {
                    "type": "github_team",
                    "depends_on": [],
                    "primary": {
                        "id": "3101758",
                        "attributes": {
                            "description": "Verify tech team: verify-tech-team-approvers",
                            "id": "3101758",
                            "members.#": "30",
                            "members.0": "idrop",
                            "members.1": "46bit",
                            "members.10": "kerrr",
                            "members.11": "robinmitra",
                            "members.12": "brenetic",
                            "members.13": "CharlesIC",
                            "members.14": "sakisv",
                            "members.15": "ronocg",
                            "members.16": "Rosa-Fox",
                            "members.17": "chrisclayson",
                            "members.18": "smford",
                            "members.19": "blairboy362",
                            "members.2": "galund",
                            "members.20": "Wynndow",
                            "members.21": "andy-paine",
                            "members.22": "tomrosier",
                            "members.23": "bjgill",
                            "members.24": "bravegrape",
                            "members.25": "jstandring-gds",
                            "members.26": "mhussein-gds",
                            "members.27": "adityapahuja",
                            "members.28": "rhowe-gds",
                            "members.29": "AmritSidhu",
                            "members.3": "issyl0",
                            "members.4": "mrwilson",
                            "members.5": "philandstuff",
                            "members.6": "chrisholmes",
                            "members.7": "thomasalanlee",
                            "members.8": "mmhmm",
                            "members.9": "tlwr",
                            "name": "verify-tech-team-approvers",
                            "permission": "pull",
                            "privacy": "closed",
                            "slug": "verify-tech-team-approvers"
                        },
                        "meta": {},
                        "tainted": false
                    },
                    "deposed": [],
                    "provider": "provider.github"
                },
                "data.github_team.tech_team": {
                    "type": "github_team",
                    "depends_on": [],
                    "primary": {
                        "id": "2830432",
                        "attributes": {
                            "description": "Verify Tech Team",
                            "id": "2830432",
                            "members.#": "30",
                            "members.0": "idrop",
                            "members.1": "46bit",
                            "members.10": "kerrr",
                            "members.11": "zilnhoj",
                            "members.12": "Todai88",
                            "members.13": "robinmitra",
                            "members.14": "brenetic",
                            "members.15": "nacnudus",
                            "members.16": "CharlesIC",
                            "members.17": "jkunle",
                            "members.18": "sakisv",
                            "members.19": "stephengrier",
                            "members.2": "galund",
                            "members.20": "ronocg",
                            "members.21": "Rosa-Fox",
                            "members.22": "AnneCarr",
                            "members.23": "ida-build-bot",
                            "members.24": "chrisclayson",
                            "members.25": "smford",
                            "members.26": "blairboy362",
                            "members.27": "Wynndow",
                            "members.28": "andy-paine",
                            "members.29": "tomrosier",
                            "members.3": "issyl0",
                            "members.4": "mrwilson",
                            "members.5": "philandstuff",
                            "members.6": "chrisholmes",
                            "members.7": "thomasalanlee",
                            "members.8": "mmhmm",
                            "members.9": "tlwr",
                            "name": "verify-tech-team",
                            "permission": "pull",
                            "privacy": "closed",
                            "slug": "verify-tech-team"
                        },
                        "meta": {},
                        "tainted": false
                    },
                    "deposed": [],
                    "provider": "provider.github"
                },
                "github_team_membership.team_membership": {
                    "type": "github_team_membership",
                    "depends_on": [],
                    "primary": {
                        "id": "2826122:mrwilson",
                        "attributes": {
                            "etag": "W/\"8778b6d9db5dfbf565b4a868c7d6dcc7\"",
                            "id": "2826122:mrwilson",
                            "role": "member",
                            "team_id": "2826122",
                            "username": "mrwilson"
                        },
                        "meta": {},
                        "tainted": false
                    },
                    "deposed": [],
                    "provider": "provider.github"
                },
                "github_team_membership.tech_team_approver": {
                    "type": "github_team_membership",
                    "depends_on": [
                        "data.github_team.approvers_team"
                    ],
                    "primary": {
                        "id": "3101758:mrwilson",
                        "attributes": {
                            "etag": "W/\"fd71937bd4128e7a033ecd018633fd9a\"",
                            "id": "3101758:mrwilson",
                            "role": "member",
                            "team_id": "3101758",
                            "username": "mrwilson"
                        },
                        "meta": {},
                        "tainted": false
                    },
                    "deposed": [],
                    "provider": "provider.github"
                }
            },
            "depends_on": []
        },
        {
            "path": [
                "root",
                "user_nacnudus"
            ],
            "outputs": {},
            "resources": {
                "data.github_team.approvers_team": {
                    "type": "github_team",
                    "depends_on": [],
                    "primary": {
                        "id": "3101758",
                        "attributes": {
                            "description": "Verify tech team: verify-tech-team-approvers",
                            "id": "3101758",
                            "members.#": "30",
                            "members.0": "idrop",
                            "members.1": "46bit",
                            "members.10": "kerrr",
                            "members.11": "robinmitra",
                            "members.12": "brenetic",
                            "members.13": "CharlesIC",
                            "members.14": "sakisv",
                            "members.15": "ronocg",
                            "members.16": "Rosa-Fox",
                            "members.17": "chrisclayson",
                            "members.18": "smford",
                            "members.19": "blairboy362",
                            "members.2": "galund",
                            "members.20": "Wynndow",
                            "members.21": "andy-paine",
                            "members.22": "tomrosier",
                            "members.23": "bjgill",
                            "members.24": "bravegrape",
                            "members.25": "jstandring-gds",
                            "members.26": "mhussein-gds",
                            "members.27": "adityapahuja",
                            "members.28": "rhowe-gds",
                            "members.29": "AmritSidhu",
                            "members.3": "issyl0",
                            "members.4": "mrwilson",
                            "members.5": "philandstuff",
                            "members.6": "chrisholmes",
                            "members.7": "thomasalanlee",
                            "members.8": "mmhmm",
                            "members.9": "tlwr",
                            "name": "verify-tech-team-approvers",
                            "permission": "pull",
                            "privacy": "closed",
                            "slug": "verify-tech-team-approvers"
                        },
                        "meta": {},
                        "tainted": false
                    },
                    "deposed": [],
                    "provider": "provider.github"
                },
                "data.github_team.tech_team": {
                    "type": "github_team",
                    "depends_on": [],
                    "primary": {
                        "id": "2830432",
                        "attributes": {
                            "description": "Verify Tech Team",
                            "id": "2830432",
                            "members.#": "30",
                            "members.0": "idrop",
                            "members.1": "46bit",
                            "members.10": "kerrr",
                            "members.11": "zilnhoj",
                            "members.12": "Todai88",
                            "members.13": "robinmitra",
                            "members.14": "brenetic",
                            "members.15": "nacnudus",
                            "members.16": "CharlesIC",
                            "members.17": "jkunle",
                            "members.18": "sakisv",
                            "members.19": "stephengrier",
                            "members.2": "galund",
                            "members.20": "ronocg",
                            "members.21": "Rosa-Fox",
                            "members.22": "AnneCarr",
                            "members.23": "ida-build-bot",
                            "members.24": "chrisclayson",
                            "members.25": "smford",
                            "members.26": "blairboy362",
                            "members.27": "Wynndow",
                            "members.28": "andy-paine",
                            "members.29": "tomrosier",
                            "members.3": "issyl0",
                            "members.4": "mrwilson",
                            "members.5": "philandstuff",
                            "members.6": "chrisholmes",
                            "members.7": "thomasalanlee",
                            "members.8": "mmhmm",
                            "members.9": "tlwr",
                            "name": "verify-tech-team",
                            "permission": "pull",
                            "privacy": "closed",
                            "slug": "verify-tech-team"
                        },
                        "meta": {},
                        "tainted": false
                    },
                    "deposed": [],
                    "provider": "provider.github"
                },
                "github_team_membership.team_membership": {
                    "type": "github_team_membership",
                    "depends_on": [],
                    "primary": {
                        "id": "2826122:nacnudus",
                        "attributes": {
                            "etag": "W/\"9470b4db9fa8a8ad7f0f1ad3155472b3\"",
                            "id": "2826122:nacnudus",
                            "role": "member",
                            "team_id": "2826122",
                            "username": "nacnudus"
                        },
                        "meta": {},
                        "tainted": false
                    },
                    "deposed": [],
                    "provider": "provider.github"
                }
            },
            "depends_on": []
        },
        {
            "path": [
                "root",
                "user_philandstuff"
            ],
            "outputs": {},
            "resources": {
                "data.github_team.approvers_team": {
                    "type": "github_team",
                    "depends_on": [],
                    "primary": {
                        "id": "3101758",
                        "attributes": {
                            "description": "Verify tech team: verify-tech-team-approvers",
                            "id": "3101758",
                            "members.#": "30",
                            "members.0": "idrop",
                            "members.1": "46bit",
                            "members.10": "kerrr",
                            "members.11": "robinmitra",
                            "members.12": "brenetic",
                            "members.13": "CharlesIC",
                            "members.14": "sakisv",
                            "members.15": "ronocg",
                            "members.16": "Rosa-Fox",
                            "members.17": "chrisclayson",
                            "members.18": "smford",
                            "members.19": "blairboy362",
                            "members.2": "galund",
                            "members.20": "Wynndow",
                            "members.21": "andy-paine",
                            "members.22": "tomrosier",
                            "members.23": "bjgill",
                            "members.24": "bravegrape",
                            "members.25": "jstandring-gds",
                            "members.26": "mhussein-gds",
                            "members.27": "adityapahuja",
                            "members.28": "rhowe-gds",
                            "members.29": "AmritSidhu",
                            "members.3": "issyl0",
                            "members.4": "mrwilson",
                            "members.5": "philandstuff",
                            "members.6": "chrisholmes",
                            "members.7": "thomasalanlee",
                            "members.8": "mmhmm",
                            "members.9": "tlwr",
                            "name": "verify-tech-team-approvers",
                            "permission": "pull",
                            "privacy": "closed",
                            "slug": "verify-tech-team-approvers"
                        },
                        "meta": {},
                        "tainted": false
                    },
                    "deposed": [],
                    "provider": "provider.github"
                },
                "data.github_team.tech_team": {
                    "type": "github_team",
                    "depends_on": [],
                    "primary": {
                        "id": "2830432",
                        "attributes": {
                            "description": "Verify Tech Team",
                            "id": "2830432",
                            "members.#": "30",
                            "members.0": "idrop",
                            "members.1": "46bit",
                            "members.10": "kerrr",
                            "members.11": "zilnhoj",
                            "members.12": "Todai88",
                            "members.13": "robinmitra",
                            "members.14": "brenetic",
                            "members.15": "nacnudus",
                            "members.16": "CharlesIC",
                            "members.17": "jkunle",
                            "members.18": "sakisv",
                            "members.19": "stephengrier",
                            "members.2": "galund",
                            "members.20": "ronocg",
                            "members.21": "Rosa-Fox",
                            "members.22": "AnneCarr",
                            "members.23": "ida-build-bot",
                            "members.24": "chrisclayson",
                            "members.25": "smford",
                            "members.26": "blairboy362",
                            "members.27": "Wynndow",
                            "members.28": "andy-paine",
                            "members.29": "tomrosier",
                            "members.3": "issyl0",
                            "members.4": "mrwilson",
                            "members.5": "philandstuff",
                            "members.6": "chrisholmes",
                            "members.7": "thomasalanlee",
                            "members.8": "mmhmm",
                            "members.9": "tlwr",
                            "name": "verify-tech-team",
                            "permission": "pull",
                            "privacy": "closed",
                            "slug": "verify-tech-team"
                        },
                        "meta": {},
                        "tainted": false
                    },
                    "deposed": [],
                    "provider": "provider.github"
                },
                "github_team_membership.team_membership.0": {
                    "type": "github_team_membership",
                    "depends_on": [],
                    "primary": {
                        "id": "2826122:philandstuff",
                        "attributes": {
                            "etag": "W/\"713f749c2756f7b5ed6daa1f77199a8f\"",
                            "id": "2826122:philandstuff",
                            "role": "member",
                            "team_id": "2826122",
                            "username": "philandstuff"
                        },
                        "meta": {},
                        "tainted": false
                    },
                    "deposed": [],
                    "provider": "provider.github"
                },
                "github_team_membership.team_membership.1": {
                    "type": "github_team_membership",
                    "depends_on": [],
                    "primary": {
                        "id": "2826127:philandstuff",
                        "attributes": {
                            "etag": "W/\"67ca878edb4c67c00533234032fec000\"",
                            "id": "2826127:philandstuff",
                            "role": "member",
                            "team_id": "2826127",
                            "username": "philandstuff"
                        },
                        "meta": {},
                        "tainted": false
                    },
                    "deposed": [],
                    "provider": "provider.github"
                },
                "github_team_membership.tech_team_approver": {
                    "type": "github_team_membership",
                    "depends_on": [
                        "data.github_team.approvers_team"
                    ],
                    "primary": {
                        "id": "3101758:philandstuff",
                        "attributes": {
                            "etag": "W/\"11a1a93817801a927c42377f672482ce\"",
                            "id": "3101758:philandstuff",
                            "role": "member",
                            "team_id": "3101758",
                            "username": "philandstuff"
                        },
                        "meta": {},
                        "tainted": false
                    },
                    "deposed": [],
                    "provider": "provider.github"
                }
            },
            "depends_on": []
        },
        {
            "path": [
                "root",
                "user_racinghippo"
            ],
            "outputs": {},
            "resources": {
                "data.github_team.approvers_team": {
                    "type": "github_team",
                    "depends_on": [],
                    "primary": {
                        "id": "3101758",
                        "attributes": {
                            "description": "Verify tech team: verify-tech-team-approvers",
                            "id": "3101758",
                            "members.#": "30",
                            "members.0": "idrop",
                            "members.1": "46bit",
                            "members.10": "kerrr",
                            "members.11": "robinmitra",
                            "members.12": "brenetic",
                            "members.13": "CharlesIC",
                            "members.14": "sakisv",
                            "members.15": "ronocg",
                            "members.16": "Rosa-Fox",
                            "members.17": "chrisclayson",
                            "members.18": "smford",
                            "members.19": "blairboy362",
                            "members.2": "galund",
                            "members.20": "Wynndow",
                            "members.21": "andy-paine",
                            "members.22": "tomrosier",
                            "members.23": "bjgill",
                            "members.24": "bravegrape",
                            "members.25": "jstandring-gds",
                            "members.26": "mhussein-gds",
                            "members.27": "adityapahuja",
                            "members.28": "rhowe-gds",
                            "members.29": "AmritSidhu",
                            "members.3": "issyl0",
                            "members.4": "mrwilson",
                            "members.5": "philandstuff",
                            "members.6": "chrisholmes",
                            "members.7": "thomasalanlee",
                            "members.8": "mmhmm",
                            "members.9": "tlwr",
                            "name": "verify-tech-team-approvers",
                            "permission": "pull",
                            "privacy": "closed",
                            "slug": "verify-tech-team-approvers"
                        },
                        "meta": {},
                        "tainted": false
                    },
                    "deposed": [],
                    "provider": "provider.github"
                },
                "data.github_team.tech_team": {
                    "type": "github_team",
                    "depends_on": [],
                    "primary": {
                        "id": "2830432",
                        "attributes": {
                            "description": "Verify Tech Team",
                            "id": "2830432",
                            "members.#": "30",
                            "members.0": "idrop",
                            "members.1": "46bit",
                            "members.10": "kerrr",
                            "members.11": "zilnhoj",
                            "members.12": "Todai88",
                            "members.13": "robinmitra",
                            "members.14": "brenetic",
                            "members.15": "nacnudus",
                            "members.16": "CharlesIC",
                            "members.17": "jkunle",
                            "members.18": "sakisv",
                            "members.19": "stephengrier",
                            "members.2": "galund",
                            "members.20": "ronocg",
                            "members.21": "Rosa-Fox",
                            "members.22": "AnneCarr",
                            "members.23": "ida-build-bot",
                            "members.24": "chrisclayson",
                            "members.25": "smford",
                            "members.26": "blairboy362",
                            "members.27": "Wynndow",
                            "members.28": "andy-paine",
                            "members.29": "tomrosier",
                            "members.3": "issyl0",
                            "members.4": "mrwilson",
                            "members.5": "philandstuff",
                            "members.6": "chrisholmes",
                            "members.7": "thomasalanlee",
                            "members.8": "mmhmm",
                            "members.9": "tlwr",
                            "name": "verify-tech-team",
                            "permission": "pull",
                            "privacy": "closed",
                            "slug": "verify-tech-team"
                        },
                        "meta": {},
                        "tainted": false
                    },
                    "deposed": [],
                    "provider": "provider.github"
                },
                "github_team_membership.team_membership": {
                    "type": "github_team_membership",
                    "depends_on": [],
                    "primary": {
                        "id": "2826122:RacingHippo",
                        "attributes": {
                            "etag": "W/\"f40912f626bc59e3fcbbce71299fbc1b\"",
                            "id": "2826122:RacingHippo",
                            "role": "member",
                            "team_id": "2826122",
                            "username": "RacingHippo"
                        },
                        "meta": {},
                        "tainted": false
                    },
                    "deposed": [],
                    "provider": "provider.github"
                }
            },
            "depends_on": []
        },
        {
            "path": [
                "root",
                "user_rhowe_gds"
            ],
            "outputs": {},
            "resources": {
                "data.github_team.approvers_team": {
                    "type": "github_team",
                    "depends_on": [],
                    "primary": {
                        "id": "3101758",
                        "attributes": {
                            "description": "Verify tech team: verify-tech-team-approvers",
                            "id": "3101758",
                            "members.#": "30",
                            "members.0": "idrop",
                            "members.1": "46bit",
                            "members.10": "kerrr",
                            "members.11": "robinmitra",
                            "members.12": "brenetic",
                            "members.13": "CharlesIC",
                            "members.14": "sakisv",
                            "members.15": "ronocg",
                            "members.16": "Rosa-Fox",
                            "members.17": "chrisclayson",
                            "members.18": "smford",
                            "members.19": "blairboy362",
                            "members.2": "galund",
                            "members.20": "Wynndow",
                            "members.21": "andy-paine",
                            "members.22": "tomrosier",
                            "members.23": "bjgill",
                            "members.24": "bravegrape",
                            "members.25": "jstandring-gds",
                            "members.26": "mhussein-gds",
                            "members.27": "adityapahuja",
                            "members.28": "rhowe-gds",
                            "members.29": "AmritSidhu",
                            "members.3": "issyl0",
                            "members.4": "mrwilson",
                            "members.5": "philandstuff",
                            "members.6": "chrisholmes",
                            "members.7": "thomasalanlee",
                            "members.8": "mmhmm",
                            "members.9": "tlwr",
                            "name": "verify-tech-team-approvers",
                            "permission": "pull",
                            "privacy": "closed",
                            "slug": "verify-tech-team-approvers"
                        },
                        "meta": {},
                        "tainted": false
                    },
                    "deposed": [],
                    "provider": "provider.github"
                },
                "data.github_team.tech_team": {
                    "type": "github_team",
                    "depends_on": [],
                    "primary": {
                        "id": "2830432",
                        "attributes": {
                            "description": "Verify Tech Team",
                            "id": "2830432",
                            "members.#": "30",
                            "members.0": "idrop",
                            "members.1": "46bit",
                            "members.10": "kerrr",
                            "members.11": "zilnhoj",
                            "members.12": "Todai88",
                            "members.13": "robinmitra",
                            "members.14": "brenetic",
                            "members.15": "nacnudus",
                            "members.16": "CharlesIC",
                            "members.17": "jkunle",
                            "members.18": "sakisv",
                            "members.19": "stephengrier",
                            "members.2": "galund",
                            "members.20": "ronocg",
                            "members.21": "Rosa-Fox",
                            "members.22": "AnneCarr",
                            "members.23": "ida-build-bot",
                            "members.24": "chrisclayson",
                            "members.25": "smford",
                            "members.26": "blairboy362",
                            "members.27": "Wynndow",
                            "members.28": "andy-paine",
                            "members.29": "tomrosier",
                            "members.3": "issyl0",
                            "members.4": "mrwilson",
                            "members.5": "philandstuff",
                            "members.6": "chrisholmes",
                            "members.7": "thomasalanlee",
                            "members.8": "mmhmm",
                            "members.9": "tlwr",
                            "name": "verify-tech-team",
                            "permission": "pull",
                            "privacy": "closed",
                            "slug": "verify-tech-team"
                        },
                        "meta": {},
                        "tainted": false
                    },
                    "deposed": [],
                    "provider": "provider.github"
                },
                "github_team_membership.team_membership.0": {
                    "type": "github_team_membership",
                    "depends_on": [],
                    "primary": {
                        "id": "2826122:rhowe-gds",
                        "attributes": {
                            "etag": "W/\"d3cb7f88519a345819e8bbb2cb00bda6\"",
                            "id": "2826122:rhowe-gds",
                            "role": "member",
                            "team_id": "2826122",
                            "username": "rhowe-gds"
                        },
                        "meta": {},
                        "tainted": false
                    },
                    "deposed": [],
                    "provider": "provider.github"
                },
                "github_team_membership.team_membership.1": {
                    "type": "github_team_membership",
                    "depends_on": [],
                    "primary": {
                        "id": "2826127:rhowe-gds",
                        "attributes": {
                            "etag": "W/\"e9fcd6382c6fca8c730a0c2f91f9b709\"",
                            "id": "2826127:rhowe-gds",
                            "role": "member",
                            "team_id": "2826127",
                            "username": "rhowe-gds"
                        },
                        "meta": {},
                        "tainted": false
                    },
                    "deposed": [],
                    "provider": "provider.github"
                },
                "github_team_membership.tech_team_approver": {
                    "type": "github_team_membership",
                    "depends_on": [
                        "data.github_team.approvers_team"
                    ],
                    "primary": {
                        "id": "3101758:rhowe-gds",
                        "attributes": {
                            "etag": "W/\"a2d1702805f81feb72be9165fa276e3a\"",
                            "id": "3101758:rhowe-gds",
                            "role": "member",
                            "team_id": "3101758",
                            "username": "rhowe-gds"
                        },
                        "meta": {},
                        "tainted": false
                    },
                    "deposed": [],
                    "provider": "provider.github"
                }
            },
            "depends_on": []
        },
        {
            "path": [
                "root",
                "user_robinmitra"
            ],
            "outputs": {},
            "resources": {
                "data.github_team.approvers_team": {
                    "type": "github_team",
                    "depends_on": [],
                    "primary": {
                        "id": "3101758",
                        "attributes": {
                            "description": "Verify tech team: verify-tech-team-approvers",
                            "id": "3101758",
                            "members.#": "30",
                            "members.0": "idrop",
                            "members.1": "46bit",
                            "members.10": "kerrr",
                            "members.11": "robinmitra",
                            "members.12": "brenetic",
                            "members.13": "CharlesIC",
                            "members.14": "sakisv",
                            "members.15": "ronocg",
                            "members.16": "Rosa-Fox",
                            "members.17": "chrisclayson",
                            "members.18": "smford",
                            "members.19": "blairboy362",
                            "members.2": "galund",
                            "members.20": "Wynndow",
                            "members.21": "andy-paine",
                            "members.22": "tomrosier",
                            "members.23": "bjgill",
                            "members.24": "bravegrape",
                            "members.25": "jstandring-gds",
                            "members.26": "mhussein-gds",
                            "members.27": "adityapahuja",
                            "members.28": "rhowe-gds",
                            "members.29": "AmritSidhu",
                            "members.3": "issyl0",
                            "members.4": "mrwilson",
                            "members.5": "philandstuff",
                            "members.6": "chrisholmes",
                            "members.7": "thomasalanlee",
                            "members.8": "mmhmm",
                            "members.9": "tlwr",
                            "name": "verify-tech-team-approvers",
                            "permission": "pull",
                            "privacy": "closed",
                            "slug": "verify-tech-team-approvers"
                        },
                        "meta": {},
                        "tainted": false
                    },
                    "deposed": [],
                    "provider": "provider.github"
                },
                "data.github_team.tech_team": {
                    "type": "github_team",
                    "depends_on": [],
                    "primary": {
                        "id": "2830432",
                        "attributes": {
                            "description": "Verify Tech Team",
                            "id": "2830432",
                            "members.#": "30",
                            "members.0": "idrop",
                            "members.1": "46bit",
                            "members.10": "kerrr",
                            "members.11": "zilnhoj",
                            "members.12": "Todai88",
                            "members.13": "robinmitra",
                            "members.14": "brenetic",
                            "members.15": "nacnudus",
                            "members.16": "CharlesIC",
                            "members.17": "jkunle",
                            "members.18": "sakisv",
                            "members.19": "stephengrier",
                            "members.2": "galund",
                            "members.20": "ronocg",
                            "members.21": "Rosa-Fox",
                            "members.22": "AnneCarr",
                            "members.23": "ida-build-bot",
                            "members.24": "chrisclayson",
                            "members.25": "smford",
                            "members.26": "blairboy362",
                            "members.27": "Wynndow",
                            "members.28": "andy-paine",
                            "members.29": "tomrosier",
                            "members.3": "issyl0",
                            "members.4": "mrwilson",
                            "members.5": "philandstuff",
                            "members.6": "chrisholmes",
                            "members.7": "thomasalanlee",
                            "members.8": "mmhmm",
                            "members.9": "tlwr",
                            "name": "verify-tech-team",
                            "permission": "pull",
                            "privacy": "closed",
                            "slug": "verify-tech-team"
                        },
                        "meta": {},
                        "tainted": false
                    },
                    "deposed": [],
                    "provider": "provider.github"
                },
                "github_team_membership.team_membership": {
                    "type": "github_team_membership",
                    "depends_on": [],
                    "primary": {
                        "id": "2826122:robinmitra",
                        "attributes": {
                            "etag": "W/\"bd9a0c9fa9a28ddf1274b3f09d10543b\"",
                            "id": "2826122:robinmitra",
                            "role": "member",
                            "team_id": "2826122",
                            "username": "robinmitra"
                        },
                        "meta": {},
                        "tainted": false
                    },
                    "deposed": [],
                    "provider": "provider.github"
                },
                "github_team_membership.tech_team_approver": {
                    "type": "github_team_membership",
                    "depends_on": [
                        "data.github_team.approvers_team"
                    ],
                    "primary": {
                        "id": "3101758:robinmitra",
                        "attributes": {
                            "etag": "W/\"39a43bdc8e96c1f0b3d130e7a61565b4\"",
                            "id": "3101758:robinmitra",
                            "role": "member",
                            "team_id": "3101758",
                            "username": "robinmitra"
                        },
                        "meta": {},
                        "tainted": false
                    },
                    "deposed": [],
                    "provider": "provider.github"
                }
            },
            "depends_on": []
        },
        {
            "path": [
                "root",
                "user_ronocg"
            ],
            "outputs": {},
            "resources": {
                "data.github_team.approvers_team": {
                    "type": "github_team",
                    "depends_on": [],
                    "primary": {
                        "id": "3101758",
                        "attributes": {
                            "description": "Verify tech team: verify-tech-team-approvers",
                            "id": "3101758",
                            "members.#": "30",
                            "members.0": "idrop",
                            "members.1": "46bit",
                            "members.10": "kerrr",
                            "members.11": "robinmitra",
                            "members.12": "brenetic",
                            "members.13": "CharlesIC",
                            "members.14": "sakisv",
                            "members.15": "ronocg",
                            "members.16": "Rosa-Fox",
                            "members.17": "chrisclayson",
                            "members.18": "smford",
                            "members.19": "blairboy362",
                            "members.2": "galund",
                            "members.20": "Wynndow",
                            "members.21": "andy-paine",
                            "members.22": "tomrosier",
                            "members.23": "bjgill",
                            "members.24": "bravegrape",
                            "members.25": "jstandring-gds",
                            "members.26": "mhussein-gds",
                            "members.27": "adityapahuja",
                            "members.28": "rhowe-gds",
                            "members.29": "AmritSidhu",
                            "members.3": "issyl0",
                            "members.4": "mrwilson",
                            "members.5": "philandstuff",
                            "members.6": "chrisholmes",
                            "members.7": "thomasalanlee",
                            "members.8": "mmhmm",
                            "members.9": "tlwr",
                            "name": "verify-tech-team-approvers",
                            "permission": "pull",
                            "privacy": "closed",
                            "slug": "verify-tech-team-approvers"
                        },
                        "meta": {},
                        "tainted": false
                    },
                    "deposed": [],
                    "provider": "provider.github"
                },
                "data.github_team.tech_team": {
                    "type": "github_team",
                    "depends_on": [],
                    "primary": {
                        "id": "2830432",
                        "attributes": {
                            "description": "Verify Tech Team",
                            "id": "2830432",
                            "members.#": "30",
                            "members.0": "idrop",
                            "members.1": "46bit",
                            "members.10": "kerrr",
                            "members.11": "zilnhoj",
                            "members.12": "Todai88",
                            "members.13": "robinmitra",
                            "members.14": "brenetic",
                            "members.15": "nacnudus",
                            "members.16": "CharlesIC",
                            "members.17": "jkunle",
                            "members.18": "sakisv",
                            "members.19": "stephengrier",
                            "members.2": "galund",
                            "members.20": "ronocg",
                            "members.21": "Rosa-Fox",
                            "members.22": "AnneCarr",
                            "members.23": "ida-build-bot",
                            "members.24": "chrisclayson",
                            "members.25": "smford",
                            "members.26": "blairboy362",
                            "members.27": "Wynndow",
                            "members.28": "andy-paine",
                            "members.29": "tomrosier",
                            "members.3": "issyl0",
                            "members.4": "mrwilson",
                            "members.5": "philandstuff",
                            "members.6": "chrisholmes",
                            "members.7": "thomasalanlee",
                            "members.8": "mmhmm",
                            "members.9": "tlwr",
                            "name": "verify-tech-team",
                            "permission": "pull",
                            "privacy": "closed",
                            "slug": "verify-tech-team"
                        },
                        "meta": {},
                        "tainted": false
                    },
                    "deposed": [],
                    "provider": "provider.github"
                },
                "github_team_membership.team_membership": {
                    "type": "github_team_membership",
                    "depends_on": [],
                    "primary": {
                        "id": "2826122:ronocg",
                        "attributes": {
                            "etag": "W/\"8980a92364f494778136c00de9b61ea2\"",
                            "id": "2826122:ronocg",
                            "role": "member",
                            "team_id": "2826122",
                            "username": "ronocg"
                        },
                        "meta": {},
                        "tainted": false
                    },
                    "deposed": [],
                    "provider": "provider.github"
                },
                "github_team_membership.tech_team_approver": {
                    "type": "github_team_membership",
                    "depends_on": [
                        "data.github_team.approvers_team"
                    ],
                    "primary": {
                        "id": "3101758:ronocg",
                        "attributes": {
                            "etag": "W/\"e4b141c773580b101aa461273b5217e6\"",
                            "id": "3101758:ronocg",
                            "role": "member",
                            "team_id": "3101758",
                            "username": "ronocg"
                        },
                        "meta": {},
                        "tainted": false
                    },
                    "deposed": [],
                    "provider": "provider.github"
                }
            },
            "depends_on": []
        },
        {
            "path": [
                "root",
                "user_rosa_fox"
            ],
            "outputs": {},
            "resources": {
                "data.github_team.approvers_team": {
                    "type": "github_team",
                    "depends_on": [],
                    "primary": {
                        "id": "3101758",
                        "attributes": {
                            "description": "Verify tech team: verify-tech-team-approvers",
                            "id": "3101758",
                            "members.#": "30",
                            "members.0": "idrop",
                            "members.1": "46bit",
                            "members.10": "kerrr",
                            "members.11": "robinmitra",
                            "members.12": "brenetic",
                            "members.13": "CharlesIC",
                            "members.14": "sakisv",
                            "members.15": "ronocg",
                            "members.16": "Rosa-Fox",
                            "members.17": "chrisclayson",
                            "members.18": "smford",
                            "members.19": "blairboy362",
                            "members.2": "galund",
                            "members.20": "Wynndow",
                            "members.21": "andy-paine",
                            "members.22": "tomrosier",
                            "members.23": "bjgill",
                            "members.24": "bravegrape",
                            "members.25": "jstandring-gds",
                            "members.26": "mhussein-gds",
                            "members.27": "adityapahuja",
                            "members.28": "rhowe-gds",
                            "members.29": "AmritSidhu",
                            "members.3": "issyl0",
                            "members.4": "mrwilson",
                            "members.5": "philandstuff",
                            "members.6": "chrisholmes",
                            "members.7": "thomasalanlee",
                            "members.8": "mmhmm",
                            "members.9": "tlwr",
                            "name": "verify-tech-team-approvers",
                            "permission": "pull",
                            "privacy": "closed",
                            "slug": "verify-tech-team-approvers"
                        },
                        "meta": {},
                        "tainted": false
                    },
                    "deposed": [],
                    "provider": "provider.github"
                },
                "data.github_team.tech_team": {
                    "type": "github_team",
                    "depends_on": [],
                    "primary": {
                        "id": "2830432",
                        "attributes": {
                            "description": "Verify Tech Team",
                            "id": "2830432",
                            "members.#": "30",
                            "members.0": "idrop",
                            "members.1": "46bit",
                            "members.10": "kerrr",
                            "members.11": "zilnhoj",
                            "members.12": "Todai88",
                            "members.13": "robinmitra",
                            "members.14": "brenetic",
                            "members.15": "nacnudus",
                            "members.16": "CharlesIC",
                            "members.17": "jkunle",
                            "members.18": "sakisv",
                            "members.19": "stephengrier",
                            "members.2": "galund",
                            "members.20": "ronocg",
                            "members.21": "Rosa-Fox",
                            "members.22": "AnneCarr",
                            "members.23": "ida-build-bot",
                            "members.24": "chrisclayson",
                            "members.25": "smford",
                            "members.26": "blairboy362",
                            "members.27": "Wynndow",
                            "members.28": "andy-paine",
                            "members.29": "tomrosier",
                            "members.3": "issyl0",
                            "members.4": "mrwilson",
                            "members.5": "philandstuff",
                            "members.6": "chrisholmes",
                            "members.7": "thomasalanlee",
                            "members.8": "mmhmm",
                            "members.9": "tlwr",
                            "name": "verify-tech-team",
                            "permission": "pull",
                            "privacy": "closed",
                            "slug": "verify-tech-team"
                        },
                        "meta": {},
                        "tainted": false
                    },
                    "deposed": [],
                    "provider": "provider.github"
                },
                "github_team_membership.team_membership": {
                    "type": "github_team_membership",
                    "depends_on": [],
                    "primary": {
                        "id": "2826122:Rosa-Fox",
                        "attributes": {
                            "etag": "W/\"97a836bb9f1ab399b4e808c38233c2f2\"",
                            "id": "2826122:Rosa-Fox",
                            "role": "member",
                            "team_id": "2826122",
                            "username": "Rosa-Fox"
                        },
                        "meta": {},
                        "tainted": false
                    },
                    "deposed": [],
                    "provider": "provider.github"
                },
                "github_team_membership.tech_team_approver": {
                    "type": "github_team_membership",
                    "depends_on": [
                        "data.github_team.approvers_team"
                    ],
                    "primary": {
                        "id": "3101758:Rosa-Fox",
                        "attributes": {
                            "etag": "W/\"da5fe455ee854dba20b1830c080bc49c\"",
                            "id": "3101758:Rosa-Fox",
                            "role": "member",
                            "team_id": "3101758",
                            "username": "Rosa-Fox"
                        },
                        "meta": {},
                        "tainted": false
                    },
                    "deposed": [],
                    "provider": "provider.github"
                }
            },
            "depends_on": []
        },
        {
            "path": [
                "root",
                "user_sakisv"
            ],
            "outputs": {},
            "resources": {
                "data.github_team.approvers_team": {
                    "type": "github_team",
                    "depends_on": [],
                    "primary": {
                        "id": "3101758",
                        "attributes": {
                            "description": "Verify tech team: verify-tech-team-approvers",
                            "id": "3101758",
                            "members.#": "30",
                            "members.0": "idrop",
                            "members.1": "46bit",
                            "members.10": "kerrr",
                            "members.11": "robinmitra",
                            "members.12": "brenetic",
                            "members.13": "CharlesIC",
                            "members.14": "sakisv",
                            "members.15": "ronocg",
                            "members.16": "Rosa-Fox",
                            "members.17": "chrisclayson",
                            "members.18": "smford",
                            "members.19": "blairboy362",
                            "members.2": "galund",
                            "members.20": "Wynndow",
                            "members.21": "andy-paine",
                            "members.22": "tomrosier",
                            "members.23": "bjgill",
                            "members.24": "bravegrape",
                            "members.25": "jstandring-gds",
                            "members.26": "mhussein-gds",
                            "members.27": "adityapahuja",
                            "members.28": "rhowe-gds",
                            "members.29": "AmritSidhu",
                            "members.3": "issyl0",
                            "members.4": "mrwilson",
                            "members.5": "philandstuff",
                            "members.6": "chrisholmes",
                            "members.7": "thomasalanlee",
                            "members.8": "mmhmm",
                            "members.9": "tlwr",
                            "name": "verify-tech-team-approvers",
                            "permission": "pull",
                            "privacy": "closed",
                            "slug": "verify-tech-team-approvers"
                        },
                        "meta": {},
                        "tainted": false
                    },
                    "deposed": [],
                    "provider": "provider.github"
                },
                "data.github_team.tech_team": {
                    "type": "github_team",
                    "depends_on": [],
                    "primary": {
                        "id": "2830432",
                        "attributes": {
                            "description": "Verify Tech Team",
                            "id": "2830432",
                            "members.#": "30",
                            "members.0": "idrop",
                            "members.1": "46bit",
                            "members.10": "kerrr",
                            "members.11": "zilnhoj",
                            "members.12": "Todai88",
                            "members.13": "robinmitra",
                            "members.14": "brenetic",
                            "members.15": "nacnudus",
                            "members.16": "CharlesIC",
                            "members.17": "jkunle",
                            "members.18": "sakisv",
                            "members.19": "stephengrier",
                            "members.2": "galund",
                            "members.20": "ronocg",
                            "members.21": "Rosa-Fox",
                            "members.22": "AnneCarr",
                            "members.23": "ida-build-bot",
                            "members.24": "chrisclayson",
                            "members.25": "smford",
                            "members.26": "blairboy362",
                            "members.27": "Wynndow",
                            "members.28": "andy-paine",
                            "members.29": "tomrosier",
                            "members.3": "issyl0",
                            "members.4": "mrwilson",
                            "members.5": "philandstuff",
                            "members.6": "chrisholmes",
                            "members.7": "thomasalanlee",
                            "members.8": "mmhmm",
                            "members.9": "tlwr",
                            "name": "verify-tech-team",
                            "permission": "pull",
                            "privacy": "closed",
                            "slug": "verify-tech-team"
                        },
                        "meta": {},
                        "tainted": false
                    },
                    "deposed": [],
                    "provider": "provider.github"
                },
                "github_team_membership.team_membership.0": {
                    "type": "github_team_membership",
                    "depends_on": [],
                    "primary": {
                        "id": "2826122:sakisv",
                        "attributes": {
                            "etag": "W/\"7b7cb428fa9a36f365627abaf9661727\"",
                            "id": "2826122:sakisv",
                            "role": "member",
                            "team_id": "2826122",
                            "username": "sakisv"
                        },
                        "meta": {},
                        "tainted": false
                    },
                    "deposed": [],
                    "provider": "provider.github"
                },
                "github_team_membership.team_membership.1": {
                    "type": "github_team_membership",
                    "depends_on": [],
                    "primary": {
                        "id": "2826127:sakisv",
                        "attributes": {
                            "etag": "W/\"8ea4d905119edd30d909db31e80cf5ba\"",
                            "id": "2826127:sakisv",
                            "role": "member",
                            "team_id": "2826127",
                            "username": "sakisv"
                        },
                        "meta": {},
                        "tainted": false
                    },
                    "deposed": [],
                    "provider": "provider.github"
                },
                "github_team_membership.tech_team_approver": {
                    "type": "github_team_membership",
                    "depends_on": [
                        "data.github_team.approvers_team"
                    ],
                    "primary": {
                        "id": "3101758:sakisv",
                        "attributes": {
                            "etag": "W/\"2ff9723266208fb3767d449f8241e71d\"",
                            "id": "3101758:sakisv",
                            "role": "member",
                            "team_id": "3101758",
                            "username": "sakisv"
                        },
                        "meta": {},
                        "tainted": false
                    },
                    "deposed": [],
                    "provider": "provider.github"
                }
            },
            "depends_on": []
        },
        {
            "path": [
                "root",
                "user_sarahdean"
            ],
            "outputs": {},
            "resources": {
                "data.github_team.approvers_team": {
                    "type": "github_team",
                    "depends_on": [],
                    "primary": {
                        "id": "3101758",
                        "attributes": {
                            "description": "Verify tech team: verify-tech-team-approvers",
                            "id": "3101758",
                            "members.#": "30",
                            "members.0": "idrop",
                            "members.1": "46bit",
                            "members.10": "kerrr",
                            "members.11": "robinmitra",
                            "members.12": "brenetic",
                            "members.13": "CharlesIC",
                            "members.14": "sakisv",
                            "members.15": "ronocg",
                            "members.16": "Rosa-Fox",
                            "members.17": "chrisclayson",
                            "members.18": "smford",
                            "members.19": "blairboy362",
                            "members.2": "galund",
                            "members.20": "Wynndow",
                            "members.21": "andy-paine",
                            "members.22": "tomrosier",
                            "members.23": "bjgill",
                            "members.24": "bravegrape",
                            "members.25": "jstandring-gds",
                            "members.26": "mhussein-gds",
                            "members.27": "adityapahuja",
                            "members.28": "rhowe-gds",
                            "members.29": "AmritSidhu",
                            "members.3": "issyl0",
                            "members.4": "mrwilson",
                            "members.5": "philandstuff",
                            "members.6": "chrisholmes",
                            "members.7": "thomasalanlee",
                            "members.8": "mmhmm",
                            "members.9": "tlwr",
                            "name": "verify-tech-team-approvers",
                            "permission": "pull",
                            "privacy": "closed",
                            "slug": "verify-tech-team-approvers"
                        },
                        "meta": {},
                        "tainted": false
                    },
                    "deposed": [],
                    "provider": "provider.github"
                },
                "data.github_team.tech_team": {
                    "type": "github_team",
                    "depends_on": [],
                    "primary": {
                        "id": "2830432",
                        "attributes": {
                            "description": "Verify Tech Team",
                            "id": "2830432",
                            "members.#": "30",
                            "members.0": "idrop",
                            "members.1": "46bit",
                            "members.10": "kerrr",
                            "members.11": "zilnhoj",
                            "members.12": "Todai88",
                            "members.13": "robinmitra",
                            "members.14": "brenetic",
                            "members.15": "nacnudus",
                            "members.16": "CharlesIC",
                            "members.17": "jkunle",
                            "members.18": "sakisv",
                            "members.19": "stephengrier",
                            "members.2": "galund",
                            "members.20": "ronocg",
                            "members.21": "Rosa-Fox",
                            "members.22": "AnneCarr",
                            "members.23": "ida-build-bot",
                            "members.24": "chrisclayson",
                            "members.25": "smford",
                            "members.26": "blairboy362",
                            "members.27": "Wynndow",
                            "members.28": "andy-paine",
                            "members.29": "tomrosier",
                            "members.3": "issyl0",
                            "members.4": "mrwilson",
                            "members.5": "philandstuff",
                            "members.6": "chrisholmes",
                            "members.7": "thomasalanlee",
                            "members.8": "mmhmm",
                            "members.9": "tlwr",
                            "name": "verify-tech-team",
                            "permission": "pull",
                            "privacy": "closed",
                            "slug": "verify-tech-team"
                        },
                        "meta": {},
                        "tainted": false
                    },
                    "deposed": [],
                    "provider": "provider.github"
                },
                "github_team_membership.team_membership": {
                    "type": "github_team_membership",
                    "depends_on": [],
                    "primary": {
                        "id": "2826122:sarah-dean",
                        "attributes": {
                            "etag": "W/\"116bdd9aca1b3b4ef4c0d8067a802db5\"",
                            "id": "2826122:sarah-dean",
                            "role": "member",
                            "team_id": "2826122",
                            "username": "sarah-dean"
                        },
                        "meta": {},
                        "tainted": false
                    },
                    "deposed": [],
                    "provider": "provider.github"
                }
            },
            "depends_on": []
        },
        {
            "path": [
                "root",
                "user_smford"
            ],
            "outputs": {},
            "resources": {
                "data.github_team.approvers_team": {
                    "type": "github_team",
                    "depends_on": [],
                    "primary": {
                        "id": "3101758",
                        "attributes": {
                            "description": "Verify tech team: verify-tech-team-approvers",
                            "id": "3101758",
                            "members.#": "30",
                            "members.0": "idrop",
                            "members.1": "46bit",
                            "members.10": "kerrr",
                            "members.11": "robinmitra",
                            "members.12": "brenetic",
                            "members.13": "CharlesIC",
                            "members.14": "sakisv",
                            "members.15": "ronocg",
                            "members.16": "Rosa-Fox",
                            "members.17": "chrisclayson",
                            "members.18": "smford",
                            "members.19": "blairboy362",
                            "members.2": "galund",
                            "members.20": "Wynndow",
                            "members.21": "andy-paine",
                            "members.22": "tomrosier",
                            "members.23": "bjgill",
                            "members.24": "bravegrape",
                            "members.25": "jstandring-gds",
                            "members.26": "mhussein-gds",
                            "members.27": "adityapahuja",
                            "members.28": "rhowe-gds",
                            "members.29": "AmritSidhu",
                            "members.3": "issyl0",
                            "members.4": "mrwilson",
                            "members.5": "philandstuff",
                            "members.6": "chrisholmes",
                            "members.7": "thomasalanlee",
                            "members.8": "mmhmm",
                            "members.9": "tlwr",
                            "name": "verify-tech-team-approvers",
                            "permission": "pull",
                            "privacy": "closed",
                            "slug": "verify-tech-team-approvers"
                        },
                        "meta": {},
                        "tainted": false
                    },
                    "deposed": [],
                    "provider": "provider.github"
                },
                "data.github_team.tech_team": {
                    "type": "github_team",
                    "depends_on": [],
                    "primary": {
                        "id": "2830432",
                        "attributes": {
                            "description": "Verify Tech Team",
                            "id": "2830432",
                            "members.#": "30",
                            "members.0": "idrop",
                            "members.1": "46bit",
                            "members.10": "kerrr",
                            "members.11": "zilnhoj",
                            "members.12": "Todai88",
                            "members.13": "robinmitra",
                            "members.14": "brenetic",
                            "members.15": "nacnudus",
                            "members.16": "CharlesIC",
                            "members.17": "jkunle",
                            "members.18": "sakisv",
                            "members.19": "stephengrier",
                            "members.2": "galund",
                            "members.20": "ronocg",
                            "members.21": "Rosa-Fox",
                            "members.22": "AnneCarr",
                            "members.23": "ida-build-bot",
                            "members.24": "chrisclayson",
                            "members.25": "smford",
                            "members.26": "blairboy362",
                            "members.27": "Wynndow",
                            "members.28": "andy-paine",
                            "members.29": "tomrosier",
                            "members.3": "issyl0",
                            "members.4": "mrwilson",
                            "members.5": "philandstuff",
                            "members.6": "chrisholmes",
                            "members.7": "thomasalanlee",
                            "members.8": "mmhmm",
                            "members.9": "tlwr",
                            "name": "verify-tech-team",
                            "permission": "pull",
                            "privacy": "closed",
                            "slug": "verify-tech-team"
                        },
                        "meta": {},
                        "tainted": false
                    },
                    "deposed": [],
                    "provider": "provider.github"
                },
                "github_team_membership.team_membership": {
                    "type": "github_team_membership",
                    "depends_on": [],
                    "primary": {
                        "id": "2826127:smford",
                        "attributes": {
                            "etag": "W/\"5c66b2c47a02344aa6343a38bf282c81\"",
                            "id": "2826127:smford",
                            "role": "member",
                            "team_id": "2826127",
                            "username": "smford"
                        },
                        "meta": {},
                        "tainted": false
                    },
                    "deposed": [],
                    "provider": "provider.github"
                },
                "github_team_membership.tech_team_approver": {
                    "type": "github_team_membership",
                    "depends_on": [
                        "data.github_team.approvers_team"
                    ],
                    "primary": {
                        "id": "3101758:smford",
                        "attributes": {
                            "etag": "W/\"bd40584963a899f7015accf89d22e397\"",
                            "id": "3101758:smford",
                            "role": "member",
                            "team_id": "3101758",
                            "username": "smford"
                        },
                        "meta": {},
                        "tainted": false
                    },
                    "deposed": [],
                    "provider": "provider.github"
                }
            },
            "depends_on": []
        },
        {
            "path": [
                "root",
                "user_szd55gds"
            ],
            "outputs": {},
            "resources": {
                "data.github_team.approvers_team": {
                    "type": "github_team",
                    "depends_on": [],
                    "primary": {
                        "id": "3101758",
                        "attributes": {
                            "description": "Verify tech team: verify-tech-team-approvers",
                            "id": "3101758",
                            "members.#": "30",
                            "members.0": "idrop",
                            "members.1": "46bit",
                            "members.10": "kerrr",
                            "members.11": "robinmitra",
                            "members.12": "brenetic",
                            "members.13": "CharlesIC",
                            "members.14": "sakisv",
                            "members.15": "ronocg",
                            "members.16": "Rosa-Fox",
                            "members.17": "chrisclayson",
                            "members.18": "smford",
                            "members.19": "blairboy362",
                            "members.2": "galund",
                            "members.20": "Wynndow",
                            "members.21": "andy-paine",
                            "members.22": "tomrosier",
                            "members.23": "bjgill",
                            "members.24": "bravegrape",
                            "members.25": "jstandring-gds",
                            "members.26": "mhussein-gds",
                            "members.27": "adityapahuja",
                            "members.28": "rhowe-gds",
                            "members.29": "AmritSidhu",
                            "members.3": "issyl0",
                            "members.4": "mrwilson",
                            "members.5": "philandstuff",
                            "members.6": "chrisholmes",
                            "members.7": "thomasalanlee",
                            "members.8": "mmhmm",
                            "members.9": "tlwr",
                            "name": "verify-tech-team-approvers",
                            "permission": "pull",
                            "privacy": "closed",
                            "slug": "verify-tech-team-approvers"
                        },
                        "meta": {},
                        "tainted": false
                    },
                    "deposed": [],
                    "provider": "provider.github"
                },
                "data.github_team.tech_team": {
                    "type": "github_team",
                    "depends_on": [],
                    "primary": {
                        "id": "2830432",
                        "attributes": {
                            "description": "Verify Tech Team",
                            "id": "2830432",
                            "members.#": "30",
                            "members.0": "idrop",
                            "members.1": "46bit",
                            "members.10": "kerrr",
                            "members.11": "zilnhoj",
                            "members.12": "Todai88",
                            "members.13": "robinmitra",
                            "members.14": "brenetic",
                            "members.15": "nacnudus",
                            "members.16": "CharlesIC",
                            "members.17": "jkunle",
                            "members.18": "sakisv",
                            "members.19": "stephengrier",
                            "members.2": "galund",
                            "members.20": "ronocg",
                            "members.21": "Rosa-Fox",
                            "members.22": "AnneCarr",
                            "members.23": "ida-build-bot",
                            "members.24": "chrisclayson",
                            "members.25": "smford",
                            "members.26": "blairboy362",
                            "members.27": "Wynndow",
                            "members.28": "andy-paine",
                            "members.29": "tomrosier",
                            "members.3": "issyl0",
                            "members.4": "mrwilson",
                            "members.5": "philandstuff",
                            "members.6": "chrisholmes",
                            "members.7": "thomasalanlee",
                            "members.8": "mmhmm",
                            "members.9": "tlwr",
                            "name": "verify-tech-team",
                            "permission": "pull",
                            "privacy": "closed",
                            "slug": "verify-tech-team"
                        },
                        "meta": {},
                        "tainted": false
                    },
                    "deposed": [],
                    "provider": "provider.github"
                },
                "github_team_membership.team_membership": {
                    "type": "github_team_membership",
                    "depends_on": [],
                    "primary": {
                        "id": "2826127:szd55gds",
                        "attributes": {
                            "etag": "W/\"17afe82b4acda121fc9b75377a4b59d8\"",
                            "id": "2826127:szd55gds",
                            "role": "member",
                            "team_id": "2826127",
                            "username": "szd55gds"
                        },
                        "meta": {},
                        "tainted": false
                    },
                    "deposed": [],
                    "provider": "provider.github"
                },
                "github_team_membership.tech_team_approver": {
                    "type": "github_team_membership",
                    "depends_on": [
                        "data.github_team.approvers_team"
                    ],
                    "primary": {
                        "id": "3101758:szd55gds",
                        "attributes": {
                            "etag": "W/\"cc1d5f5eb471f7351ddf2017d505df80\"",
                            "id": "3101758:szd55gds",
                            "role": "member",
                            "team_id": "3101758",
                            "username": "szd55gds"
                        },
                        "meta": {},
                        "tainted": false
                    },
                    "deposed": [],
                    "provider": "provider.github"
                }
            },
            "depends_on": []
        },
        {
            "path": [
                "root",
                "user_thomasalanlee"
            ],
            "outputs": {},
            "resources": {
                "data.github_team.approvers_team": {
                    "type": "github_team",
                    "depends_on": [],
                    "primary": {
                        "id": "3101758",
                        "attributes": {
                            "description": "Verify tech team: verify-tech-team-approvers",
                            "id": "3101758",
                            "members.#": "30",
                            "members.0": "idrop",
                            "members.1": "46bit",
                            "members.10": "kerrr",
                            "members.11": "robinmitra",
                            "members.12": "brenetic",
                            "members.13": "CharlesIC",
                            "members.14": "sakisv",
                            "members.15": "ronocg",
                            "members.16": "Rosa-Fox",
                            "members.17": "chrisclayson",
                            "members.18": "smford",
                            "members.19": "blairboy362",
                            "members.2": "galund",
                            "members.20": "Wynndow",
                            "members.21": "andy-paine",
                            "members.22": "tomrosier",
                            "members.23": "bjgill",
                            "members.24": "bravegrape",
                            "members.25": "jstandring-gds",
                            "members.26": "mhussein-gds",
                            "members.27": "adityapahuja",
                            "members.28": "rhowe-gds",
                            "members.29": "AmritSidhu",
                            "members.3": "issyl0",
                            "members.4": "mrwilson",
                            "members.5": "philandstuff",
                            "members.6": "chrisholmes",
                            "members.7": "thomasalanlee",
                            "members.8": "mmhmm",
                            "members.9": "tlwr",
                            "name": "verify-tech-team-approvers",
                            "permission": "pull",
                            "privacy": "closed",
                            "slug": "verify-tech-team-approvers"
                        },
                        "meta": {},
                        "tainted": false
                    },
                    "deposed": [],
                    "provider": "provider.github"
                },
                "data.github_team.tech_team": {
                    "type": "github_team",
                    "depends_on": [],
                    "primary": {
                        "id": "2830432",
                        "attributes": {
                            "description": "Verify Tech Team",
                            "id": "2830432",
                            "members.#": "30",
                            "members.0": "idrop",
                            "members.1": "46bit",
                            "members.10": "kerrr",
                            "members.11": "zilnhoj",
                            "members.12": "Todai88",
                            "members.13": "robinmitra",
                            "members.14": "brenetic",
                            "members.15": "nacnudus",
                            "members.16": "CharlesIC",
                            "members.17": "jkunle",
                            "members.18": "sakisv",
                            "members.19": "stephengrier",
                            "members.2": "galund",
                            "members.20": "ronocg",
                            "members.21": "Rosa-Fox",
                            "members.22": "AnneCarr",
                            "members.23": "ida-build-bot",
                            "members.24": "chrisclayson",
                            "members.25": "smford",
                            "members.26": "blairboy362",
                            "members.27": "Wynndow",
                            "members.28": "andy-paine",
                            "members.29": "tomrosier",
                            "members.3": "issyl0",
                            "members.4": "mrwilson",
                            "members.5": "philandstuff",
                            "members.6": "chrisholmes",
                            "members.7": "thomasalanlee",
                            "members.8": "mmhmm",
                            "members.9": "tlwr",
                            "name": "verify-tech-team",
                            "permission": "pull",
                            "privacy": "closed",
                            "slug": "verify-tech-team"
                        },
                        "meta": {},
                        "tainted": false
                    },
                    "deposed": [],
                    "provider": "provider.github"
                },
                "github_team_membership.team_membership.0": {
                    "type": "github_team_membership",
                    "depends_on": [],
                    "primary": {
                        "id": "2826122:thomasalanlee",
                        "attributes": {
                            "etag": "W/\"c16d9afaf179eda8df35bc3b9bc177d5\"",
                            "id": "2826122:thomasalanlee",
                            "role": "maintainer",
                            "team_id": "2826122",
                            "username": "thomasalanlee"
                        },
                        "meta": {},
                        "tainted": false
                    },
                    "deposed": [],
                    "provider": "provider.github"
                },
                "github_team_membership.team_membership.1": {
                    "type": "github_team_membership",
                    "depends_on": [],
                    "primary": {
                        "id": "2826126:thomasalanlee",
                        "attributes": {
                            "etag": "W/\"9d4e243c09c4ef5d1cc916c03613469f\"",
                            "id": "2826126:thomasalanlee",
                            "role": "maintainer",
                            "team_id": "2826126",
                            "username": "thomasalanlee"
                        },
                        "meta": {},
                        "tainted": false
                    },
                    "deposed": [],
                    "provider": "provider.github"
                },
                "github_team_membership.team_membership.2": {
                    "type": "github_team_membership",
                    "depends_on": [],
                    "primary": {
                        "id": "2826127:thomasalanlee",
                        "attributes": {
                            "etag": "W/\"4501654b07b1d7efa52c555154ab275e\"",
                            "id": "2826127:thomasalanlee",
                            "role": "maintainer",
                            "team_id": "2826127",
                            "username": "thomasalanlee"
                        },
                        "meta": {},
                        "tainted": false
                    },
                    "deposed": [],
                    "provider": "provider.github"
                },
                "github_team_membership.tech_team_approver": {
                    "type": "github_team_membership",
                    "depends_on": [
                        "data.github_team.approvers_team"
                    ],
                    "primary": {
                        "id": "3101758:thomasalanlee",
                        "attributes": {
                            "etag": "W/\"c19828f7f6e0aaa7ee7ff8641d85063c\"",
                            "id": "3101758:thomasalanlee",
                            "role": "member",
                            "team_id": "3101758",
                            "username": "thomasalanlee"
                        },
                        "meta": {},
                        "tainted": false
                    },
                    "deposed": [],
                    "provider": "provider.github"
                },
                "github_team_membership.tech_team_maintainer": {
                    "type": "github_team_membership",
                    "depends_on": [
                        "data.github_team.tech_team"
                    ],
                    "primary": {
                        "id": "2830432:thomasalanlee",
                        "attributes": {
                            "etag": "W/\"d9b3be80f9a13a3b4db45c7f6426145c\"",
                            "id": "2830432:thomasalanlee",
                            "role": "maintainer",
                            "team_id": "2830432",
                            "username": "thomasalanlee"
                        },
                        "meta": {},
                        "tainted": false
                    },
                    "deposed": [],
                    "provider": "provider.github"
                }
            },
            "depends_on": []
        },
        {
            "path": [
                "root",
                "user_tlwr"
            ],
            "outputs": {},
            "resources": {
                "data.github_team.approvers_team": {
                    "type": "github_team",
                    "depends_on": [],
                    "primary": {
                        "id": "3101758",
                        "attributes": {
                            "description": "Verify tech team: verify-tech-team-approvers",
                            "id": "3101758",
                            "members.#": "30",
                            "members.0": "idrop",
                            "members.1": "46bit",
                            "members.10": "kerrr",
                            "members.11": "robinmitra",
                            "members.12": "brenetic",
                            "members.13": "CharlesIC",
                            "members.14": "sakisv",
                            "members.15": "ronocg",
                            "members.16": "Rosa-Fox",
                            "members.17": "chrisclayson",
                            "members.18": "smford",
                            "members.19": "blairboy362",
                            "members.2": "galund",
                            "members.20": "Wynndow",
                            "members.21": "andy-paine",
                            "members.22": "tomrosier",
                            "members.23": "bjgill",
                            "members.24": "bravegrape",
                            "members.25": "jstandring-gds",
                            "members.26": "mhussein-gds",
                            "members.27": "adityapahuja",
                            "members.28": "rhowe-gds",
                            "members.29": "AmritSidhu",
                            "members.3": "issyl0",
                            "members.4": "mrwilson",
                            "members.5": "philandstuff",
                            "members.6": "chrisholmes",
                            "members.7": "thomasalanlee",
                            "members.8": "mmhmm",
                            "members.9": "tlwr",
                            "name": "verify-tech-team-approvers",
                            "permission": "pull",
                            "privacy": "closed",
                            "slug": "verify-tech-team-approvers"
                        },
                        "meta": {},
                        "tainted": false
                    },
                    "deposed": [],
                    "provider": "provider.github"
                },
                "data.github_team.tech_team": {
                    "type": "github_team",
                    "depends_on": [],
                    "primary": {
                        "id": "2830432",
                        "attributes": {
                            "description": "Verify Tech Team",
                            "id": "2830432",
                            "members.#": "30",
                            "members.0": "idrop",
                            "members.1": "46bit",
                            "members.10": "kerrr",
                            "members.11": "zilnhoj",
                            "members.12": "Todai88",
                            "members.13": "robinmitra",
                            "members.14": "brenetic",
                            "members.15": "nacnudus",
                            "members.16": "CharlesIC",
                            "members.17": "jkunle",
                            "members.18": "sakisv",
                            "members.19": "stephengrier",
                            "members.2": "galund",
                            "members.20": "ronocg",
                            "members.21": "Rosa-Fox",
                            "members.22": "AnneCarr",
                            "members.23": "ida-build-bot",
                            "members.24": "chrisclayson",
                            "members.25": "smford",
                            "members.26": "blairboy362",
                            "members.27": "Wynndow",
                            "members.28": "andy-paine",
                            "members.29": "tomrosier",
                            "members.3": "issyl0",
                            "members.4": "mrwilson",
                            "members.5": "philandstuff",
                            "members.6": "chrisholmes",
                            "members.7": "thomasalanlee",
                            "members.8": "mmhmm",
                            "members.9": "tlwr",
                            "name": "verify-tech-team",
                            "permission": "pull",
                            "privacy": "closed",
                            "slug": "verify-tech-team"
                        },
                        "meta": {},
                        "tainted": false
                    },
                    "deposed": [],
                    "provider": "provider.github"
                },
                "github_team_membership.team_membership.0": {
                    "type": "github_team_membership",
                    "depends_on": [],
                    "primary": {
                        "id": "2826122:tlwr",
                        "attributes": {
                            "etag": "W/\"4dee5a84ec686bd1f4134750af7f6961\"",
                            "id": "2826122:tlwr",
                            "role": "member",
                            "team_id": "2826122",
                            "username": "tlwr"
                        },
                        "meta": {},
                        "tainted": false
                    },
                    "deposed": [],
                    "provider": "provider.github"
                },
                "github_team_membership.team_membership.1": {
                    "type": "github_team_membership",
                    "depends_on": [],
                    "primary": {
                        "id": "2826127:tlwr",
                        "attributes": {
                            "etag": "W/\"161b44be9b67f9aafe6eaec1610bb6e4\"",
                            "id": "2826127:tlwr",
                            "role": "member",
                            "team_id": "2826127",
                            "username": "tlwr"
                        },
                        "meta": {},
                        "tainted": false
                    },
                    "deposed": [],
                    "provider": "provider.github"
                },
                "github_team_membership.tech_team_approver": {
                    "type": "github_team_membership",
                    "depends_on": [
                        "data.github_team.approvers_team"
                    ],
                    "primary": {
                        "id": "3101758:tlwr",
                        "attributes": {
                            "etag": "W/\"5e8ff5ce63a9b356100a0193ff3467d8\"",
                            "id": "3101758:tlwr",
                            "role": "member",
                            "team_id": "3101758",
                            "username": "tlwr"
                        },
                        "meta": {},
                        "tainted": false
                    },
                    "deposed": [],
                    "provider": "provider.github"
                }
            },
            "depends_on": []
        },
        {
            "path": [
                "root",
                "user_todai88"
            ],
            "outputs": {},
            "resources": {
                "data.github_team.approvers_team": {
                    "type": "github_team",
                    "depends_on": [],
                    "primary": {
                        "id": "3101758",
                        "attributes": {
                            "description": "Verify tech team: verify-tech-team-approvers",
                            "id": "3101758",
                            "members.#": "30",
                            "members.0": "idrop",
                            "members.1": "46bit",
                            "members.10": "kerrr",
                            "members.11": "robinmitra",
                            "members.12": "brenetic",
                            "members.13": "CharlesIC",
                            "members.14": "sakisv",
                            "members.15": "ronocg",
                            "members.16": "Rosa-Fox",
                            "members.17": "chrisclayson",
                            "members.18": "smford",
                            "members.19": "blairboy362",
                            "members.2": "galund",
                            "members.20": "Wynndow",
                            "members.21": "andy-paine",
                            "members.22": "tomrosier",
                            "members.23": "bjgill",
                            "members.24": "bravegrape",
                            "members.25": "jstandring-gds",
                            "members.26": "mhussein-gds",
                            "members.27": "adityapahuja",
                            "members.28": "rhowe-gds",
                            "members.29": "AmritSidhu",
                            "members.3": "issyl0",
                            "members.4": "mrwilson",
                            "members.5": "philandstuff",
                            "members.6": "chrisholmes",
                            "members.7": "thomasalanlee",
                            "members.8": "mmhmm",
                            "members.9": "tlwr",
                            "name": "verify-tech-team-approvers",
                            "permission": "pull",
                            "privacy": "closed",
                            "slug": "verify-tech-team-approvers"
                        },
                        "meta": {},
                        "tainted": false
                    },
                    "deposed": [],
                    "provider": "provider.github"
                },
                "data.github_team.tech_team": {
                    "type": "github_team",
                    "depends_on": [],
                    "primary": {
                        "id": "2830432",
                        "attributes": {
                            "description": "Verify Tech Team",
                            "id": "2830432",
                            "members.#": "30",
                            "members.0": "idrop",
                            "members.1": "46bit",
                            "members.10": "kerrr",
                            "members.11": "zilnhoj",
                            "members.12": "Todai88",
                            "members.13": "robinmitra",
                            "members.14": "brenetic",
                            "members.15": "nacnudus",
                            "members.16": "CharlesIC",
                            "members.17": "jkunle",
                            "members.18": "sakisv",
                            "members.19": "stephengrier",
                            "members.2": "galund",
                            "members.20": "ronocg",
                            "members.21": "Rosa-Fox",
                            "members.22": "AnneCarr",
                            "members.23": "ida-build-bot",
                            "members.24": "chrisclayson",
                            "members.25": "smford",
                            "members.26": "blairboy362",
                            "members.27": "Wynndow",
                            "members.28": "andy-paine",
                            "members.29": "tomrosier",
                            "members.3": "issyl0",
                            "members.4": "mrwilson",
                            "members.5": "philandstuff",
                            "members.6": "chrisholmes",
                            "members.7": "thomasalanlee",
                            "members.8": "mmhmm",
                            "members.9": "tlwr",
                            "name": "verify-tech-team",
                            "permission": "pull",
                            "privacy": "closed",
                            "slug": "verify-tech-team"
                        },
                        "meta": {},
                        "tainted": false
                    },
                    "deposed": [],
                    "provider": "provider.github"
                },
                "github_team_membership.team_membership": {
                    "type": "github_team_membership",
                    "depends_on": [],
                    "primary": {
                        "id": "2826122:todai88",
                        "attributes": {
                            "etag": "W/\"e815957f03bf29dd38bcf0c66a1388ce\"",
                            "id": "2826122:todai88",
                            "role": "member",
                            "team_id": "2826122",
                            "username": "Todai88"
                        },
                        "meta": {},
                        "tainted": false
                    },
                    "deposed": [],
                    "provider": "provider.github"
                }
            },
            "depends_on": []
        },
        {
            "path": [
                "root",
                "user_tomrosier"
            ],
            "outputs": {},
            "resources": {
                "data.github_team.approvers_team": {
                    "type": "github_team",
                    "depends_on": [],
                    "primary": {
                        "id": "3101758",
                        "attributes": {
                            "description": "Verify tech team: verify-tech-team-approvers",
                            "id": "3101758",
                            "members.#": "30",
                            "members.0": "idrop",
                            "members.1": "46bit",
                            "members.10": "kerrr",
                            "members.11": "robinmitra",
                            "members.12": "brenetic",
                            "members.13": "CharlesIC",
                            "members.14": "sakisv",
                            "members.15": "ronocg",
                            "members.16": "Rosa-Fox",
                            "members.17": "chrisclayson",
                            "members.18": "smford",
                            "members.19": "blairboy362",
                            "members.2": "galund",
                            "members.20": "Wynndow",
                            "members.21": "andy-paine",
                            "members.22": "tomrosier",
                            "members.23": "bjgill",
                            "members.24": "bravegrape",
                            "members.25": "jstandring-gds",
                            "members.26": "mhussein-gds",
                            "members.27": "adityapahuja",
                            "members.28": "rhowe-gds",
                            "members.29": "AmritSidhu",
                            "members.3": "issyl0",
                            "members.4": "mrwilson",
                            "members.5": "philandstuff",
                            "members.6": "chrisholmes",
                            "members.7": "thomasalanlee",
                            "members.8": "mmhmm",
                            "members.9": "tlwr",
                            "name": "verify-tech-team-approvers",
                            "permission": "pull",
                            "privacy": "closed",
                            "slug": "verify-tech-team-approvers"
                        },
                        "meta": {},
                        "tainted": false
                    },
                    "deposed": [],
                    "provider": "provider.github"
                },
                "data.github_team.tech_team": {
                    "type": "github_team",
                    "depends_on": [],
                    "primary": {
                        "id": "2830432",
                        "attributes": {
                            "description": "Verify Tech Team",
                            "id": "2830432",
                            "members.#": "30",
                            "members.0": "idrop",
                            "members.1": "46bit",
                            "members.10": "kerrr",
                            "members.11": "zilnhoj",
                            "members.12": "Todai88",
                            "members.13": "robinmitra",
                            "members.14": "brenetic",
                            "members.15": "nacnudus",
                            "members.16": "CharlesIC",
                            "members.17": "jkunle",
                            "members.18": "sakisv",
                            "members.19": "stephengrier",
                            "members.2": "galund",
                            "members.20": "ronocg",
                            "members.21": "Rosa-Fox",
                            "members.22": "AnneCarr",
                            "members.23": "ida-build-bot",
                            "members.24": "chrisclayson",
                            "members.25": "smford",
                            "members.26": "blairboy362",
                            "members.27": "Wynndow",
                            "members.28": "andy-paine",
                            "members.29": "tomrosier",
                            "members.3": "issyl0",
                            "members.4": "mrwilson",
                            "members.5": "philandstuff",
                            "members.6": "chrisholmes",
                            "members.7": "thomasalanlee",
                            "members.8": "mmhmm",
                            "members.9": "tlwr",
                            "name": "verify-tech-team",
                            "permission": "pull",
                            "privacy": "closed",
                            "slug": "verify-tech-team"
                        },
                        "meta": {},
                        "tainted": false
                    },
                    "deposed": [],
                    "provider": "provider.github"
                },
                "github_team_membership.team_membership.0": {
                    "type": "github_team_membership",
                    "depends_on": [],
                    "primary": {
                        "id": "2826122:tomrosier",
                        "attributes": {
                            "etag": "W/\"0ac4c8730bd4c7cc5fb6f33f01c34dff\"",
                            "id": "2826122:tomrosier",
                            "role": "member",
                            "team_id": "2826122",
                            "username": "tomrosier"
                        },
                        "meta": {},
                        "tainted": false
                    },
                    "deposed": [],
                    "provider": "provider.github"
                },
                "github_team_membership.team_membership.1": {
                    "type": "github_team_membership",
                    "depends_on": [],
                    "primary": {
                        "id": "2826126:tomrosier",
                        "attributes": {
                            "etag": "W/\"6c34eab7643e7ca9f7223c460ab422eb\"",
                            "id": "2826126:tomrosier",
                            "role": "member",
                            "team_id": "2826126",
                            "username": "tomrosier"
                        },
                        "meta": {},
                        "tainted": false
                    },
                    "deposed": [],
                    "provider": "provider.github"
                },
                "github_team_membership.tech_team_approver": {
                    "type": "github_team_membership",
                    "depends_on": [
                        "data.github_team.approvers_team"
                    ],
                    "primary": {
                        "id": "3101758:tomrosier",
                        "attributes": {
                            "etag": "W/\"aef6572dd0e50d2a41b11ac8d5a8520d\"",
                            "id": "3101758:tomrosier",
                            "role": "member",
                            "team_id": "3101758",
                            "username": "tomrosier"
                        },
                        "meta": {},
                        "tainted": false
                    },
                    "deposed": [],
                    "provider": "provider.github"
                }
            },
            "depends_on": []
        },
        {
            "path": [
                "root",
                "user_zilnhoj"
            ],
            "outputs": {},
            "resources": {
                "data.github_team.approvers_team": {
                    "type": "github_team",
                    "depends_on": [],
                    "primary": {
                        "id": "3101758",
                        "attributes": {
                            "description": "Verify tech team: verify-tech-team-approvers",
                            "id": "3101758",
                            "members.#": "30",
                            "members.0": "idrop",
                            "members.1": "46bit",
                            "members.10": "kerrr",
                            "members.11": "robinmitra",
                            "members.12": "brenetic",
                            "members.13": "CharlesIC",
                            "members.14": "sakisv",
                            "members.15": "ronocg",
                            "members.16": "Rosa-Fox",
                            "members.17": "chrisclayson",
                            "members.18": "smford",
                            "members.19": "blairboy362",
                            "members.2": "galund",
                            "members.20": "Wynndow",
                            "members.21": "andy-paine",
                            "members.22": "tomrosier",
                            "members.23": "bjgill",
                            "members.24": "bravegrape",
                            "members.25": "jstandring-gds",
                            "members.26": "mhussein-gds",
                            "members.27": "adityapahuja",
                            "members.28": "rhowe-gds",
                            "members.29": "AmritSidhu",
                            "members.3": "issyl0",
                            "members.4": "mrwilson",
                            "members.5": "philandstuff",
                            "members.6": "chrisholmes",
                            "members.7": "thomasalanlee",
                            "members.8": "mmhmm",
                            "members.9": "tlwr",
                            "name": "verify-tech-team-approvers",
                            "permission": "pull",
                            "privacy": "closed",
                            "slug": "verify-tech-team-approvers"
                        },
                        "meta": {},
                        "tainted": false
                    },
                    "deposed": [],
                    "provider": "provider.github"
                },
                "data.github_team.tech_team": {
                    "type": "github_team",
                    "depends_on": [],
                    "primary": {
                        "id": "2830432",
                        "attributes": {
                            "description": "Verify Tech Team",
                            "id": "2830432",
                            "members.#": "30",
                            "members.0": "idrop",
                            "members.1": "46bit",
                            "members.10": "kerrr",
                            "members.11": "zilnhoj",
                            "members.12": "Todai88",
                            "members.13": "robinmitra",
                            "members.14": "brenetic",
                            "members.15": "nacnudus",
                            "members.16": "CharlesIC",
                            "members.17": "jkunle",
                            "members.18": "sakisv",
                            "members.19": "stephengrier",
                            "members.2": "galund",
                            "members.20": "ronocg",
                            "members.21": "Rosa-Fox",
                            "members.22": "AnneCarr",
                            "members.23": "ida-build-bot",
                            "members.24": "chrisclayson",
                            "members.25": "smford",
                            "members.26": "blairboy362",
                            "members.27": "Wynndow",
                            "members.28": "andy-paine",
                            "members.29": "tomrosier",
                            "members.3": "issyl0",
                            "members.4": "mrwilson",
                            "members.5": "philandstuff",
                            "members.6": "chrisholmes",
                            "members.7": "thomasalanlee",
                            "members.8": "mmhmm",
                            "members.9": "tlwr",
                            "name": "verify-tech-team",
                            "permission": "pull",
                            "privacy": "closed",
                            "slug": "verify-tech-team"
                        },
                        "meta": {},
                        "tainted": false
                    },
                    "deposed": [],
                    "provider": "provider.github"
                },
                "github_team_membership.team_membership": {
                    "type": "github_team_membership",
                    "depends_on": [],
                    "primary": {
                        "id": "2826122:zilnhoj",
                        "attributes": {
                            "etag": "W/\"177528813f7bc6be5062b59b1fa60623\"",
                            "id": "2826122:zilnhoj",
                            "role": "member",
                            "team_id": "2826122",
                            "username": "zilnhoj"
                        },
                        "meta": {},
                        "tainted": false
                    },
                    "deposed": [],
                    "provider": "provider.github"
                }
            },
            "depends_on": []
        }
    ]
}
