{
  "version": 4,
  "terraform_version": "0.12.2",
  "serial": 231,
  "lineage": "7069a474-17af-c033-8243-ba2e55487134",
  "outputs": {},
  "resources": [
    {
      "module": "module.user_alex_monk",
      "mode": "data",
      "type": "github_team",
      "name": "approvers_team",
      "provider": "provider.github",
      "instances": [
        {
          "schema_version": 0,
          "attributes": {
            "description": "Verify tech team: verify-tech-team-approvers",
            "id": "3101758",
            "members": [
              "idrop",
              "46bit",
              "galund",
              "issyl0",
              "mrwilson",
              "philandstuff",
              "chrisholmes",
              "Krenair",
              "thomasalanlee",
              "mmhmm",
              "tlwr",
              "kerrr",
              "robinmitra",
              "brenetic",
              "CharlesIC",
              "sakisv",
              "ronocg",
              "Rosa-Fox",
              "chrisclayson",
              "smford",
              "blairboy362",
              "Wynndow",
              "andy-paine",
              "tomrosier",
              "bjgill",
              "michaelabenyohai",
              "bravegrape",
              "jstandring-gds",
              "mhussein-gds",
              "adityapahuja"
            ],
            "name": "verify-tech-team-approvers",
            "permission": "pull",
            "privacy": "closed",
            "slug": "verify-tech-team-approvers"
          }
        }
      ]
    },
    {
      "module": "module.user_amritsidhu",
      "mode": "data",
      "type": "github_team",
      "name": "approvers_team",
      "provider": "provider.github",
      "instances": [
        {
          "schema_version": 0,
          "attributes": {
            "description": "Verify tech team: verify-tech-team-approvers",
            "id": "3101758",
            "members": [
              "idrop",
              "46bit",
              "galund",
              "issyl0",
              "mrwilson",
              "philandstuff",
              "chrisholmes",
              "Krenair",
              "thomasalanlee",
              "mmhmm",
              "tlwr",
              "kerrr",
              "robinmitra",
              "brenetic",
              "CharlesIC",
              "sakisv",
              "ronocg",
              "Rosa-Fox",
              "chrisclayson",
              "smford",
              "blairboy362",
              "Wynndow",
              "andy-paine",
              "tomrosier",
              "bjgill",
              "michaelabenyohai",
              "bravegrape",
              "jstandring-gds",
              "mhussein-gds",
              "adityapahuja"
            ],
            "name": "verify-tech-team-approvers",
            "permission": "pull",
            "privacy": "closed",
            "slug": "verify-tech-team-approvers"
          }
        }
      ]
    },
    {
      "module": "module.user_szd55gds",
      "mode": "data",
      "type": "github_team",
      "name": "approvers_team",
      "provider": "provider.github",
      "instances": [
        {
          "schema_version": 0,
          "attributes": {
            "description": "Verify tech team: verify-tech-team-approvers",
            "id": "3101758",
            "members": [
              "idrop",
              "46bit",
              "galund",
              "issyl0",
              "mrwilson",
              "philandstuff",
              "chrisholmes",
              "Krenair",
              "thomasalanlee",
              "mmhmm",
              "tlwr",
              "kerrr",
              "robinmitra",
              "brenetic",
              "CharlesIC",
              "sakisv",
              "ronocg",
              "Rosa-Fox",
              "chrisclayson",
              "smford",
              "blairboy362",
              "Wynndow",
              "andy-paine",
              "tomrosier",
              "bjgill",
              "michaelabenyohai",
              "bravegrape",
              "jstandring-gds",
              "mhussein-gds",
              "adityapahuja"
            ],
            "name": "verify-tech-team-approvers",
            "permission": "pull",
            "privacy": "closed",
            "slug": "verify-tech-team-approvers"
          }
        }
      ]
    },
    {
      "module": "module.user_danielblair",
      "mode": "data",
      "type": "github_team",
      "name": "approvers_team",
      "provider": "provider.github",
      "instances": [
        {
          "schema_version": 0,
          "attributes": {
            "description": "Verify tech team: verify-tech-team-approvers",
            "id": "3101758",
            "members": [
              "idrop",
              "46bit",
              "galund",
              "issyl0",
              "mrwilson",
              "philandstuff",
              "chrisholmes",
              "Krenair",
              "thomasalanlee",
              "mmhmm",
              "tlwr",
              "kerrr",
              "robinmitra",
              "brenetic",
              "CharlesIC",
              "sakisv",
              "ronocg",
              "Rosa-Fox",
              "chrisclayson",
              "smford",
              "blairboy362",
              "Wynndow",
              "andy-paine",
              "tomrosier",
              "bjgill",
              "michaelabenyohai",
              "bravegrape",
              "jstandring-gds",
              "mhussein-gds",
              "adityapahuja"
            ],
            "name": "verify-tech-team-approvers",
            "permission": "pull",
            "privacy": "closed",
            "slug": "verify-tech-team-approvers"
          }
        }
      ]
    },
    {
      "module": "module.user_j_maynard",
      "mode": "data",
      "type": "github_team",
      "name": "approvers_team",
      "provider": "provider.github",
      "instances": [
        {
          "schema_version": 0,
          "attributes": {
            "description": "Verify tech team: verify-tech-team-approvers",
            "id": "3101758",
            "members": [
              "idrop",
              "46bit",
              "galund",
              "issyl0",
              "mrwilson",
              "philandstuff",
              "chrisholmes",
              "Krenair",
              "thomasalanlee",
              "mmhmm",
              "tlwr",
              "kerrr",
              "robinmitra",
              "brenetic",
              "CharlesIC",
              "sakisv",
              "ronocg",
              "Rosa-Fox",
              "chrisclayson",
              "smford",
              "blairboy362",
              "Wynndow",
              "andy-paine",
              "tomrosier",
              "bjgill",
              "michaelabenyohai",
              "bravegrape",
              "jstandring-gds",
              "mhussein-gds",
              "adityapahuja"
            ],
            "name": "verify-tech-team-approvers",
            "permission": "pull",
            "privacy": "closed",
            "slug": "verify-tech-team-approvers"
          }
        }
      ]
    },
    {
      "module": "module.user_smford",
      "mode": "data",
      "type": "github_team",
      "name": "approvers_team",
      "provider": "provider.github",
      "instances": [
        {
          "schema_version": 0,
          "attributes": {
            "description": "Verify tech team: verify-tech-team-approvers",
            "id": "3101758",
            "members": [
              "idrop",
              "46bit",
              "galund",
              "issyl0",
              "mrwilson",
              "philandstuff",
              "chrisholmes",
              "Krenair",
              "thomasalanlee",
              "mmhmm",
              "tlwr",
              "kerrr",
              "robinmitra",
              "brenetic",
              "CharlesIC",
              "sakisv",
              "ronocg",
              "Rosa-Fox",
              "chrisclayson",
              "smford",
              "blairboy362",
              "Wynndow",
              "andy-paine",
              "tomrosier",
              "bjgill",
              "michaelabenyohai",
              "bravegrape",
              "jstandring-gds",
              "mhussein-gds",
              "adityapahuja"
            ],
            "name": "verify-tech-team-approvers",
            "permission": "pull",
            "privacy": "closed",
            "slug": "verify-tech-team-approvers"
          }
        }
      ]
    },
    {
      "module": "module.user_sarahdean",
      "mode": "data",
      "type": "github_team",
      "name": "approvers_team",
      "provider": "provider.github",
      "instances": [
        {
          "schema_version": 0,
          "attributes": {
            "description": "Verify tech team: verify-tech-team-approvers",
            "id": "3101758",
            "members": [
              "idrop",
              "46bit",
              "galund",
              "issyl0",
              "mrwilson",
              "philandstuff",
              "chrisholmes",
              "Krenair",
              "thomasalanlee",
              "mmhmm",
              "tlwr",
              "kerrr",
              "robinmitra",
              "brenetic",
              "CharlesIC",
              "sakisv",
              "ronocg",
              "Rosa-Fox",
              "chrisclayson",
              "smford",
              "blairboy362",
              "Wynndow",
              "andy-paine",
              "tomrosier",
              "bjgill",
              "michaelabenyohai",
              "bravegrape",
              "jstandring-gds",
              "mhussein-gds",
              "adityapahuja"
            ],
            "name": "verify-tech-team-approvers",
            "permission": "pull",
            "privacy": "closed",
            "slug": "verify-tech-team-approvers"
          }
        }
      ]
    },
    {
      "module": "module.user_sakisv",
      "mode": "data",
      "type": "github_team",
      "name": "approvers_team",
      "provider": "provider.github",
      "instances": [
        {
          "schema_version": 0,
          "attributes": {
            "description": "Verify tech team: verify-tech-team-approvers",
            "id": "3101758",
            "members": [
              "idrop",
              "46bit",
              "galund",
              "issyl0",
              "mrwilson",
              "philandstuff",
              "chrisholmes",
              "Krenair",
              "thomasalanlee",
              "mmhmm",
              "tlwr",
              "kerrr",
              "robinmitra",
              "brenetic",
              "CharlesIC",
              "sakisv",
              "ronocg",
              "Rosa-Fox",
              "chrisclayson",
              "smford",
              "blairboy362",
              "Wynndow",
              "andy-paine",
              "tomrosier",
              "bjgill",
              "michaelabenyohai",
              "bravegrape",
              "jstandring-gds",
              "mhussein-gds",
              "adityapahuja"
            ],
            "name": "verify-tech-team-approvers",
            "permission": "pull",
            "privacy": "closed",
            "slug": "verify-tech-team-approvers"
          }
        }
      ]
    },
    {
      "module": "module.user_jakubmiarka",
      "mode": "data",
      "type": "github_team",
      "name": "approvers_team",
      "provider": "provider.github",
      "instances": [
        {
          "schema_version": 0,
          "attributes": {
            "description": "Verify tech team: verify-tech-team-approvers",
            "id": "3101758",
            "members": [
              "idrop",
              "46bit",
              "galund",
              "issyl0",
              "mrwilson",
              "philandstuff",
              "chrisholmes",
              "Krenair",
              "thomasalanlee",
              "mmhmm",
              "tlwr",
              "kerrr",
              "robinmitra",
              "brenetic",
              "CharlesIC",
              "sakisv",
              "ronocg",
              "Rosa-Fox",
              "chrisclayson",
              "smford",
              "blairboy362",
              "Wynndow",
              "andy-paine",
              "tomrosier",
              "bjgill",
              "michaelabenyohai",
              "bravegrape",
              "jstandring-gds",
              "mhussein-gds",
              "adityapahuja"
            ],
            "name": "verify-tech-team-approvers",
            "permission": "pull",
            "privacy": "closed",
            "slug": "verify-tech-team-approvers"
          }
        }
      ]
    },
    {
      "module": "module.user_charlesic",
      "mode": "data",
      "type": "github_team",
      "name": "approvers_team",
      "provider": "provider.github",
      "instances": [
        {
          "schema_version": 0,
          "attributes": {
            "description": "Verify tech team: verify-tech-team-approvers",
            "id": "3101758",
            "members": [
              "idrop",
              "46bit",
              "galund",
              "issyl0",
              "mrwilson",
              "philandstuff",
              "chrisholmes",
              "Krenair",
              "thomasalanlee",
              "mmhmm",
              "tlwr",
              "kerrr",
              "robinmitra",
              "brenetic",
              "CharlesIC",
              "sakisv",
              "ronocg",
              "Rosa-Fox",
              "chrisclayson",
              "smford",
              "blairboy362",
              "Wynndow",
              "andy-paine",
              "tomrosier",
              "bjgill",
              "michaelabenyohai",
              "bravegrape",
              "jstandring-gds",
              "mhussein-gds",
              "adityapahuja"
            ],
            "name": "verify-tech-team-approvers",
            "permission": "pull",
            "privacy": "closed",
            "slug": "verify-tech-team-approvers"
          }
        }
      ]
    },
    {
      "module": "module.user_benjamin_mortimer",
      "mode": "data",
      "type": "github_team",
      "name": "approvers_team",
      "provider": "provider.github",
      "instances": [
        {
          "schema_version": 0,
          "attributes": {
            "description": "Verify tech team: verify-tech-team-approvers",
            "id": "3101758",
            "members": [
              "idrop",
              "46bit",
              "galund",
              "issyl0",
              "mrwilson",
              "philandstuff",
              "chrisholmes",
              "Krenair",
              "thomasalanlee",
              "mmhmm",
              "tlwr",
              "kerrr",
              "robinmitra",
              "brenetic",
              "CharlesIC",
              "sakisv",
              "ronocg",
              "Rosa-Fox",
              "chrisclayson",
              "smford",
              "blairboy362",
              "Wynndow",
              "andy-paine",
              "tomrosier",
              "bjgill",
              "michaelabenyohai",
              "bravegrape",
              "jstandring-gds",
              "mhussein-gds",
              "adityapahuja"
            ],
            "name": "verify-tech-team-approvers",
            "permission": "pull",
            "privacy": "closed",
            "slug": "verify-tech-team-approvers"
          }
        }
      ]
    },
    {
      "module": "module.user_blairboy362",
      "mode": "data",
      "type": "github_team",
      "name": "approvers_team",
      "provider": "provider.github",
      "instances": [
        {
          "schema_version": 0,
          "attributes": {
            "description": "Verify tech team: verify-tech-team-approvers",
            "id": "3101758",
            "members": [
              "idrop",
              "46bit",
              "galund",
              "issyl0",
              "mrwilson",
              "philandstuff",
              "chrisholmes",
              "Krenair",
              "thomasalanlee",
              "mmhmm",
              "tlwr",
              "kerrr",
              "robinmitra",
              "brenetic",
              "CharlesIC",
              "sakisv",
              "ronocg",
              "Rosa-Fox",
              "chrisclayson",
              "smford",
              "blairboy362",
              "Wynndow",
              "andy-paine",
              "tomrosier",
              "bjgill",
              "michaelabenyohai",
              "bravegrape",
              "jstandring-gds",
              "mhussein-gds",
              "adityapahuja"
            ],
            "name": "verify-tech-team-approvers",
            "permission": "pull",
            "privacy": "closed",
            "slug": "verify-tech-team-approvers"
          }
        }
      ]
    },
    {
      "module": "module.user_alexandergeegds",
      "mode": "data",
      "type": "github_team",
      "name": "approvers_team",
      "provider": "provider.github",
      "instances": [
        {
          "schema_version": 0,
          "attributes": {
            "description": "Verify tech team: verify-tech-team-approvers",
            "id": "3101758",
            "members": [
              "idrop",
              "46bit",
              "galund",
              "issyl0",
              "mrwilson",
              "philandstuff",
              "chrisholmes",
              "Krenair",
              "thomasalanlee",
              "mmhmm",
              "tlwr",
              "kerrr",
              "robinmitra",
              "brenetic",
              "CharlesIC",
              "sakisv",
              "ronocg",
              "Rosa-Fox",
              "chrisclayson",
              "smford",
              "blairboy362",
              "Wynndow",
              "andy-paine",
              "tomrosier",
              "bjgill",
              "michaelabenyohai",
              "bravegrape",
              "jstandring-gds",
              "mhussein-gds",
              "adityapahuja"
            ],
            "name": "verify-tech-team-approvers",
            "permission": "pull",
            "privacy": "closed",
            "slug": "verify-tech-team-approvers"
          }
        }
      ]
    },
    {
      "module": "module.user_johnwattsgds",
      "mode": "data",
      "type": "github_team",
      "name": "approvers_team",
      "provider": "provider.github",
      "instances": [
        {
          "schema_version": 0,
          "attributes": {
            "description": "Verify tech team: verify-tech-team-approvers",
            "id": "3101758",
            "members": [
              "idrop",
              "46bit",
              "galund",
              "issyl0",
              "mrwilson",
              "philandstuff",
              "chrisholmes",
              "Krenair",
              "thomasalanlee",
              "mmhmm",
              "tlwr",
              "kerrr",
              "robinmitra",
              "brenetic",
              "CharlesIC",
              "sakisv",
              "ronocg",
              "Rosa-Fox",
              "chrisclayson",
              "smford",
              "blairboy362",
              "Wynndow",
              "andy-paine",
              "tomrosier",
              "bjgill",
              "michaelabenyohai",
              "bravegrape",
              "jstandring-gds",
              "mhussein-gds",
              "adityapahuja"
            ],
            "name": "verify-tech-team-approvers",
            "permission": "pull",
            "privacy": "closed",
            "slug": "verify-tech-team-approvers"
          }
        }
      ]
    },
    {
      "module": "module.user_instantiator",
      "mode": "data",
      "type": "github_team",
      "name": "approvers_team",
      "provider": "provider.github",
      "instances": [
        {
          "schema_version": 0,
          "attributes": {
            "description": "Verify tech team: verify-tech-team-approvers",
            "id": "3101758",
            "members": [
              "idrop",
              "46bit",
              "galund",
              "issyl0",
              "mrwilson",
              "philandstuff",
              "chrisholmes",
              "Krenair",
              "thomasalanlee",
              "mmhmm",
              "tlwr",
              "kerrr",
              "robinmitra",
              "brenetic",
              "CharlesIC",
              "sakisv",
              "ronocg",
              "Rosa-Fox",
              "chrisclayson",
              "smford",
              "blairboy362",
              "Wynndow",
              "andy-paine",
              "tomrosier",
              "bjgill",
              "michaelabenyohai",
              "bravegrape",
              "jstandring-gds",
              "mhussein-gds",
              "adityapahuja"
            ],
            "name": "verify-tech-team-approvers",
            "permission": "pull",
            "privacy": "closed",
            "slug": "verify-tech-team-approvers"
          }
        }
      ]
    },
    {
      "module": "module.user_jkunle",
      "mode": "data",
      "type": "github_team",
      "name": "approvers_team",
      "provider": "provider.github",
      "instances": [
        {
          "schema_version": 0,
          "attributes": {
            "description": "Verify tech team: verify-tech-team-approvers",
            "id": "3101758",
            "members": [
              "idrop",
              "46bit",
              "galund",
              "issyl0",
              "mrwilson",
              "philandstuff",
              "chrisholmes",
              "Krenair",
              "thomasalanlee",
              "mmhmm",
              "tlwr",
              "kerrr",
              "robinmitra",
              "brenetic",
              "CharlesIC",
              "sakisv",
              "ronocg",
              "Rosa-Fox",
              "chrisclayson",
              "smford",
              "blairboy362",
              "Wynndow",
              "andy-paine",
              "tomrosier",
              "bjgill",
              "michaelabenyohai",
              "bravegrape",
              "jstandring-gds",
              "mhussein-gds",
              "adityapahuja"
            ],
            "name": "verify-tech-team-approvers",
            "permission": "pull",
            "privacy": "closed",
            "slug": "verify-tech-team-approvers"
          }
        }
      ]
    },
    {
      "module": "module.user_mrwilson",
      "mode": "data",
      "type": "github_team",
      "name": "approvers_team",
      "provider": "provider.github",
      "instances": [
        {
          "schema_version": 0,
          "attributes": {
            "description": "Verify tech team: verify-tech-team-approvers",
            "id": "3101758",
            "members": [
              "idrop",
              "46bit",
              "galund",
              "issyl0",
              "mrwilson",
              "philandstuff",
              "chrisholmes",
              "Krenair",
              "thomasalanlee",
              "mmhmm",
              "tlwr",
              "kerrr",
              "robinmitra",
              "brenetic",
              "CharlesIC",
              "sakisv",
              "ronocg",
              "Rosa-Fox",
              "chrisclayson",
              "smford",
              "blairboy362",
              "Wynndow",
              "andy-paine",
              "tomrosier",
              "bjgill",
              "michaelabenyohai",
              "bravegrape",
              "jstandring-gds",
              "mhussein-gds",
              "adityapahuja"
            ],
            "name": "verify-tech-team-approvers",
            "permission": "pull",
            "privacy": "closed",
            "slug": "verify-tech-team-approvers"
          }
        }
      ]
    },
    {
      "module": "module.user_rhowe_gds",
      "mode": "data",
      "type": "github_team",
      "name": "approvers_team",
      "provider": "provider.github",
      "instances": [
        {
          "schema_version": 0,
          "attributes": {
            "description": "Verify tech team: verify-tech-team-approvers",
            "id": "3101758",
            "members": [
              "idrop",
              "46bit",
              "galund",
              "issyl0",
              "mrwilson",
              "philandstuff",
              "chrisholmes",
              "Krenair",
              "thomasalanlee",
              "mmhmm",
              "tlwr",
              "kerrr",
              "robinmitra",
              "brenetic",
              "CharlesIC",
              "sakisv",
              "ronocg",
              "Rosa-Fox",
              "chrisclayson",
              "smford",
              "blairboy362",
              "Wynndow",
              "andy-paine",
              "tomrosier",
              "bjgill",
              "michaelabenyohai",
              "bravegrape",
              "jstandring-gds",
              "mhussein-gds",
              "adityapahuja"
            ],
            "name": "verify-tech-team-approvers",
            "permission": "pull",
            "privacy": "closed",
            "slug": "verify-tech-team-approvers"
          }
        }
      ]
    },
    {
      "module": "module.user_ida_build_bot",
      "mode": "data",
      "type": "github_team",
      "name": "approvers_team",
      "provider": "provider.github",
      "instances": [
        {
          "schema_version": 0,
          "attributes": {
            "description": "Verify tech team: verify-tech-team-approvers",
            "id": "3101758",
            "members": [
              "idrop",
              "46bit",
              "galund",
              "issyl0",
              "mrwilson",
              "philandstuff",
              "chrisholmes",
              "Krenair",
              "thomasalanlee",
              "mmhmm",
              "tlwr",
              "kerrr",
              "robinmitra",
              "brenetic",
              "CharlesIC",
              "sakisv",
              "ronocg",
              "Rosa-Fox",
              "chrisclayson",
              "smford",
              "blairboy362",
              "Wynndow",
              "andy-paine",
              "tomrosier",
              "bjgill",
              "michaelabenyohai",
              "bravegrape",
              "jstandring-gds",
              "mhussein-gds",
              "adityapahuja"
            ],
            "name": "verify-tech-team-approvers",
            "permission": "pull",
            "privacy": "closed",
            "slug": "verify-tech-team-approvers"
          }
        }
      ]
    },
    {
      "module": "module.user_dbes_gds",
      "mode": "data",
      "type": "github_team",
      "name": "approvers_team",
      "provider": "provider.github",
      "instances": [
        {
          "schema_version": 0,
          "attributes": {
            "description": "Verify tech team: verify-tech-team-approvers",
            "id": "3101758",
            "members": [
              "idrop",
              "46bit",
              "galund",
              "issyl0",
              "mrwilson",
              "philandstuff",
              "chrisholmes",
              "Krenair",
              "thomasalanlee",
              "mmhmm",
              "tlwr",
              "kerrr",
              "robinmitra",
              "brenetic",
              "CharlesIC",
              "sakisv",
              "ronocg",
              "Rosa-Fox",
              "chrisclayson",
              "smford",
              "blairboy362",
              "Wynndow",
              "andy-paine",
              "tomrosier",
              "bjgill",
              "michaelabenyohai",
              "bravegrape",
              "jstandring-gds",
              "mhussein-gds",
              "adityapahuja"
            ],
            "name": "verify-tech-team-approvers",
            "permission": "pull",
            "privacy": "closed",
            "slug": "verify-tech-team-approvers"
          }
        }
      ]
    },
    {
      "module": "module.user_todai88",
      "mode": "data",
      "type": "github_team",
      "name": "approvers_team",
      "provider": "provider.github",
      "instances": [
        {
          "schema_version": 0,
          "attributes": {
            "description": "Verify tech team: verify-tech-team-approvers",
            "id": "3101758",
            "members": [
              "idrop",
              "46bit",
              "galund",
              "issyl0",
              "mrwilson",
              "philandstuff",
              "chrisholmes",
              "Krenair",
              "thomasalanlee",
              "mmhmm",
              "tlwr",
              "kerrr",
              "robinmitra",
              "brenetic",
              "CharlesIC",
              "sakisv",
              "ronocg",
              "Rosa-Fox",
              "chrisclayson",
              "smford",
              "blairboy362",
              "Wynndow",
              "andy-paine",
              "tomrosier",
              "bjgill",
              "michaelabenyohai",
              "bravegrape",
              "jstandring-gds",
              "mhussein-gds",
              "adityapahuja"
            ],
            "name": "verify-tech-team-approvers",
            "permission": "pull",
            "privacy": "closed",
            "slug": "verify-tech-team-approvers"
          }
        }
      ]
    },
    {
      "module": "module.user_mariaslo",
      "mode": "data",
      "type": "github_team",
      "name": "approvers_team",
      "provider": "provider.github",
      "instances": [
        {
          "schema_version": 0,
          "attributes": {
            "description": "Verify tech team: verify-tech-team-approvers",
            "id": "3101758",
            "members": [
              "idrop",
              "46bit",
              "galund",
              "issyl0",
              "mrwilson",
              "philandstuff",
              "chrisholmes",
              "Krenair",
              "thomasalanlee",
              "mmhmm",
              "tlwr",
              "kerrr",
              "robinmitra",
              "brenetic",
              "CharlesIC",
              "sakisv",
              "ronocg",
              "Rosa-Fox",
              "chrisclayson",
              "smford",
              "blairboy362",
              "Wynndow",
              "andy-paine",
              "tomrosier",
              "bjgill",
              "michaelabenyohai",
              "bravegrape",
              "jstandring-gds",
              "mhussein-gds",
              "adityapahuja"
            ],
            "name": "verify-tech-team-approvers",
            "permission": "pull",
            "privacy": "closed",
            "slug": "verify-tech-team-approvers"
          }
        }
      ]
    },
    {
      "module": "module.user_mhussein_gds",
      "mode": "data",
      "type": "github_team",
      "name": "approvers_team",
      "provider": "provider.github",
      "instances": [
        {
          "schema_version": 0,
          "attributes": {
            "description": "Verify tech team: verify-tech-team-approvers",
            "id": "3101758",
            "members": [
              "idrop",
              "46bit",
              "galund",
              "issyl0",
              "mrwilson",
              "philandstuff",
              "chrisholmes",
              "Krenair",
              "thomasalanlee",
              "mmhmm",
              "tlwr",
              "kerrr",
              "robinmitra",
              "brenetic",
              "CharlesIC",
              "sakisv",
              "ronocg",
              "Rosa-Fox",
              "chrisclayson",
              "smford",
              "blairboy362",
              "Wynndow",
              "andy-paine",
              "tomrosier",
              "bjgill",
              "michaelabenyohai",
              "bravegrape",
              "jstandring-gds",
              "mhussein-gds",
              "adityapahuja"
            ],
            "name": "verify-tech-team-approvers",
            "permission": "pull",
            "privacy": "closed",
            "slug": "verify-tech-team-approvers"
          }
        }
      ]
    },
    {
      "module": "module.user_idrop",
      "mode": "data",
      "type": "github_team",
      "name": "approvers_team",
      "provider": "provider.github",
      "instances": [
        {
          "schema_version": 0,
          "attributes": {
            "description": "Verify tech team: verify-tech-team-approvers",
            "id": "3101758",
            "members": [
              "idrop",
              "46bit",
              "galund",
              "issyl0",
              "mrwilson",
              "philandstuff",
              "chrisholmes",
              "Krenair",
              "thomasalanlee",
              "mmhmm",
              "tlwr",
              "kerrr",
              "robinmitra",
              "brenetic",
              "CharlesIC",
              "sakisv",
              "ronocg",
              "Rosa-Fox",
              "chrisclayson",
              "smford",
              "blairboy362",
              "Wynndow",
              "andy-paine",
              "tomrosier",
              "bjgill",
              "michaelabenyohai",
              "bravegrape",
              "jstandring-gds",
              "mhussein-gds",
              "adityapahuja"
            ],
            "name": "verify-tech-team-approvers",
            "permission": "pull",
            "privacy": "closed",
            "slug": "verify-tech-team-approvers"
          }
        }
      ]
    },
    {
      "module": "module.user_zilnhoj",
      "mode": "data",
      "type": "github_team",
      "name": "approvers_team",
      "provider": "provider.github",
      "instances": [
        {
          "schema_version": 0,
          "attributes": {
            "description": "Verify tech team: verify-tech-team-approvers",
            "id": "3101758",
            "members": [
              "idrop",
              "46bit",
              "galund",
              "issyl0",
              "mrwilson",
              "philandstuff",
              "chrisholmes",
              "Krenair",
              "thomasalanlee",
              "mmhmm",
              "tlwr",
              "kerrr",
              "robinmitra",
              "brenetic",
              "CharlesIC",
              "sakisv",
              "ronocg",
              "Rosa-Fox",
              "chrisclayson",
              "smford",
              "blairboy362",
              "Wynndow",
              "andy-paine",
              "tomrosier",
              "bjgill",
              "michaelabenyohai",
              "bravegrape",
              "jstandring-gds",
              "mhussein-gds",
              "adityapahuja"
            ],
            "name": "verify-tech-team-approvers",
            "permission": "pull",
            "privacy": "closed",
            "slug": "verify-tech-team-approvers"
          }
        }
      ]
    },
    {
      "module": "module.user_rosa_fox",
      "mode": "data",
      "type": "github_team",
      "name": "approvers_team",
      "provider": "provider.github",
      "instances": [
        {
          "schema_version": 0,
          "attributes": {
            "description": "Verify tech team: verify-tech-team-approvers",
            "id": "3101758",
            "members": [
              "idrop",
              "46bit",
              "galund",
              "issyl0",
              "mrwilson",
              "philandstuff",
              "chrisholmes",
              "Krenair",
              "thomasalanlee",
              "mmhmm",
              "tlwr",
              "kerrr",
              "robinmitra",
              "brenetic",
              "CharlesIC",
              "sakisv",
              "ronocg",
              "Rosa-Fox",
              "chrisclayson",
              "smford",
              "blairboy362",
              "Wynndow",
              "andy-paine",
              "tomrosier",
              "bjgill",
              "michaelabenyohai",
              "bravegrape",
              "jstandring-gds",
              "mhussein-gds",
              "adityapahuja"
            ],
            "name": "verify-tech-team-approvers",
            "permission": "pull",
            "privacy": "closed",
            "slug": "verify-tech-team-approvers"
          }
        }
      ]
    },
    {
      "module": "module.user_michaelabenyohai",
      "mode": "data",
      "type": "github_team",
      "name": "approvers_team",
      "provider": "provider.github",
      "instances": [
        {
          "schema_version": 0,
          "attributes": {
            "description": "Verify tech team: verify-tech-team-approvers",
            "id": "3101758",
            "members": [
              "idrop",
              "46bit",
              "galund",
              "issyl0",
              "mrwilson",
              "philandstuff",
              "chrisholmes",
              "Krenair",
              "thomasalanlee",
              "mmhmm",
              "tlwr",
              "kerrr",
              "robinmitra",
              "brenetic",
              "CharlesIC",
              "sakisv",
              "ronocg",
              "Rosa-Fox",
              "chrisclayson",
              "smford",
              "blairboy362",
              "Wynndow",
              "andy-paine",
              "tomrosier",
              "bjgill",
              "michaelabenyohai",
              "bravegrape",
              "jstandring-gds",
              "mhussein-gds",
              "adityapahuja"
            ],
            "name": "verify-tech-team-approvers",
            "permission": "pull",
            "privacy": "closed",
            "slug": "verify-tech-team-approvers"
          }
        }
      ]
    },
    {
      "module": "module.user_chrisclayson",
      "mode": "data",
      "type": "github_team",
      "name": "approvers_team",
      "provider": "provider.github",
      "instances": [
        {
          "schema_version": 0,
          "attributes": {
            "description": "Verify tech team: verify-tech-team-approvers",
            "id": "3101758",
            "members": [
              "idrop",
              "46bit",
              "galund",
              "issyl0",
              "mrwilson",
              "philandstuff",
              "chrisholmes",
              "Krenair",
              "thomasalanlee",
              "mmhmm",
              "tlwr",
              "kerrr",
              "robinmitra",
              "brenetic",
              "CharlesIC",
              "sakisv",
              "ronocg",
              "Rosa-Fox",
              "chrisclayson",
              "smford",
              "blairboy362",
              "Wynndow",
              "andy-paine",
              "tomrosier",
              "bjgill",
              "michaelabenyohai",
              "bravegrape",
              "jstandring-gds",
              "mhussein-gds",
              "adityapahuja"
            ],
            "name": "verify-tech-team-approvers",
            "permission": "pull",
            "privacy": "closed",
            "slug": "verify-tech-team-approvers"
          }
        }
      ]
    },
    {
      "module": "module.user_chris_wynne",
      "mode": "data",
      "type": "github_team",
      "name": "approvers_team",
      "provider": "provider.github",
      "instances": [
        {
          "schema_version": 0,
          "attributes": {
            "description": "Verify tech team: verify-tech-team-approvers",
            "id": "3101758",
            "members": [
              "idrop",
              "46bit",
              "galund",
              "issyl0",
              "mrwilson",
              "philandstuff",
              "chrisholmes",
              "Krenair",
              "thomasalanlee",
              "mmhmm",
              "tlwr",
              "kerrr",
              "robinmitra",
              "brenetic",
              "CharlesIC",
              "sakisv",
              "ronocg",
              "Rosa-Fox",
              "chrisclayson",
              "smford",
              "blairboy362",
              "Wynndow",
              "andy-paine",
              "tomrosier",
              "bjgill",
              "michaelabenyohai",
              "bravegrape",
              "jstandring-gds",
              "mhussein-gds",
              "adityapahuja"
            ],
            "name": "verify-tech-team-approvers",
            "permission": "pull",
            "privacy": "closed",
            "slug": "verify-tech-team-approvers"
          }
        }
      ]
    },
    {
      "module": "module.user_chrisholmes",
      "mode": "data",
      "type": "github_team",
      "name": "approvers_team",
      "provider": "provider.github",
      "instances": [
        {
          "schema_version": 0,
          "attributes": {
            "description": "Verify tech team: verify-tech-team-approvers",
            "id": "3101758",
            "members": [
              "idrop",
              "46bit",
              "galund",
              "issyl0",
              "mrwilson",
              "philandstuff",
              "chrisholmes",
              "Krenair",
              "thomasalanlee",
              "mmhmm",
              "tlwr",
              "kerrr",
              "robinmitra",
              "brenetic",
              "CharlesIC",
              "sakisv",
              "ronocg",
              "Rosa-Fox",
              "chrisclayson",
              "smford",
              "blairboy362",
              "Wynndow",
              "andy-paine",
              "tomrosier",
              "bjgill",
              "michaelabenyohai",
              "bravegrape",
              "jstandring-gds",
              "mhussein-gds",
              "adityapahuja"
            ],
            "name": "verify-tech-team-approvers",
            "permission": "pull",
            "privacy": "closed",
            "slug": "verify-tech-team-approvers"
          }
        }
      ]
    },
    {
      "module": "module.user_mmhmm",
      "mode": "data",
      "type": "github_team",
      "name": "approvers_team",
      "provider": "provider.github",
      "instances": [
        {
          "schema_version": 0,
          "attributes": {
            "description": "Verify tech team: verify-tech-team-approvers",
            "id": "3101758",
            "members": [
              "idrop",
              "46bit",
              "galund",
              "issyl0",
              "mrwilson",
              "philandstuff",
              "chrisholmes",
              "Krenair",
              "thomasalanlee",
              "mmhmm",
              "tlwr",
              "kerrr",
              "robinmitra",
              "brenetic",
              "CharlesIC",
              "sakisv",
              "ronocg",
              "Rosa-Fox",
              "chrisclayson",
              "smford",
              "blairboy362",
              "Wynndow",
              "andy-paine",
              "tomrosier",
              "bjgill",
              "michaelabenyohai",
              "bravegrape",
              "jstandring-gds",
              "mhussein-gds",
              "adityapahuja"
            ],
            "name": "verify-tech-team-approvers",
            "permission": "pull",
            "privacy": "closed",
            "slug": "verify-tech-team-approvers"
          }
        }
      ]
    },
    {
      "module": "module.user_andy_paine",
      "mode": "data",
      "type": "github_team",
      "name": "approvers_team",
      "provider": "provider.github",
      "instances": [
        {
          "schema_version": 0,
          "attributes": {
            "description": "Verify tech team: verify-tech-team-approvers",
            "id": "3101758",
            "members": [
              "idrop",
              "46bit",
              "galund",
              "issyl0",
              "mrwilson",
              "philandstuff",
              "chrisholmes",
              "Krenair",
              "thomasalanlee",
              "mmhmm",
              "tlwr",
              "kerrr",
              "robinmitra",
              "brenetic",
              "CharlesIC",
              "sakisv",
              "ronocg",
              "Rosa-Fox",
              "chrisclayson",
              "smford",
              "blairboy362",
              "Wynndow",
              "andy-paine",
              "tomrosier",
              "bjgill",
              "michaelabenyohai",
              "bravegrape",
              "jstandring-gds",
              "mhussein-gds",
              "adityapahuja"
            ],
            "name": "verify-tech-team-approvers",
            "permission": "pull",
            "privacy": "closed",
            "slug": "verify-tech-team-approvers"
          }
        }
      ]
    },
    {
      "module": "module.user_racinghippo",
      "mode": "data",
      "type": "github_team",
      "name": "approvers_team",
      "provider": "provider.github",
      "instances": [
        {
          "schema_version": 0,
          "attributes": {
            "description": "Verify tech team: verify-tech-team-approvers",
            "id": "3101758",
            "members": [
              "idrop",
              "46bit",
              "galund",
              "issyl0",
              "mrwilson",
              "philandstuff",
              "chrisholmes",
              "Krenair",
              "thomasalanlee",
              "mmhmm",
              "tlwr",
              "kerrr",
              "robinmitra",
              "brenetic",
              "CharlesIC",
              "sakisv",
              "ronocg",
              "Rosa-Fox",
              "chrisclayson",
              "smford",
              "blairboy362",
              "Wynndow",
              "andy-paine",
              "tomrosier",
              "bjgill",
              "michaelabenyohai",
              "bravegrape",
              "jstandring-gds",
              "mhussein-gds",
              "adityapahuja"
            ],
            "name": "verify-tech-team-approvers",
            "permission": "pull",
            "privacy": "closed",
            "slug": "verify-tech-team-approvers"
          }
        }
      ]
    },
    {
      "module": "module.user_jhjava",
      "mode": "data",
      "type": "github_team",
      "name": "approvers_team",
      "provider": "provider.github",
      "instances": [
        {
          "schema_version": 0,
          "attributes": {
            "description": "Verify tech team: verify-tech-team-approvers",
            "id": "3101758",
            "members": [
              "idrop",
              "46bit",
              "galund",
              "issyl0",
              "mrwilson",
              "philandstuff",
              "chrisholmes",
              "Krenair",
              "thomasalanlee",
              "mmhmm",
              "tlwr",
              "kerrr",
              "robinmitra",
              "brenetic",
              "CharlesIC",
              "sakisv",
              "ronocg",
              "Rosa-Fox",
              "chrisclayson",
              "smford",
              "blairboy362",
              "Wynndow",
              "andy-paine",
              "tomrosier",
              "bjgill",
              "michaelabenyohai",
              "bravegrape",
              "jstandring-gds",
              "mhussein-gds",
              "adityapahuja"
            ],
            "name": "verify-tech-team-approvers",
            "permission": "pull",
            "privacy": "closed",
            "slug": "verify-tech-team-approvers"
          }
        }
      ]
    },
    {
      "module": "module.user_nacnudus",
      "mode": "data",
      "type": "github_team",
      "name": "approvers_team",
      "provider": "provider.github",
      "instances": [
        {
          "schema_version": 0,
          "attributes": {
            "description": "Verify tech team: verify-tech-team-approvers",
            "id": "3101758",
            "members": [
              "idrop",
              "46bit",
              "galund",
              "issyl0",
              "mrwilson",
              "philandstuff",
              "chrisholmes",
              "Krenair",
              "thomasalanlee",
              "mmhmm",
              "tlwr",
              "kerrr",
              "robinmitra",
              "brenetic",
              "CharlesIC",
              "sakisv",
              "ronocg",
              "Rosa-Fox",
              "chrisclayson",
              "smford",
              "blairboy362",
              "Wynndow",
              "andy-paine",
              "tomrosier",
              "bjgill",
              "michaelabenyohai",
              "bravegrape",
              "jstandring-gds",
              "mhussein-gds",
              "adityapahuja"
            ],
            "name": "verify-tech-team-approvers",
            "permission": "pull",
            "privacy": "closed",
            "slug": "verify-tech-team-approvers"
          }
        }
      ]
    },
    {
      "module": "module.user_bjgill",
      "mode": "data",
      "type": "github_team",
      "name": "approvers_team",
      "provider": "provider.github",
      "instances": [
        {
          "schema_version": 0,
          "attributes": {
            "description": "Verify tech team: verify-tech-team-approvers",
            "id": "3101758",
            "members": [
              "idrop",
              "46bit",
              "galund",
              "issyl0",
              "mrwilson",
              "philandstuff",
              "chrisholmes",
              "Krenair",
              "thomasalanlee",
              "mmhmm",
              "tlwr",
              "kerrr",
              "robinmitra",
              "brenetic",
              "CharlesIC",
              "sakisv",
              "ronocg",
              "Rosa-Fox",
              "chrisclayson",
              "smford",
              "blairboy362",
              "Wynndow",
              "andy-paine",
              "tomrosier",
              "bjgill",
              "michaelabenyohai",
              "bravegrape",
              "jstandring-gds",
              "mhussein-gds",
              "adityapahuja"
            ],
            "name": "verify-tech-team-approvers",
            "permission": "pull",
            "privacy": "closed",
            "slug": "verify-tech-team-approvers"
          }
        }
      ]
    },
    {
      "module": "module.user_coleni",
      "mode": "data",
      "type": "github_team",
      "name": "approvers_team",
      "provider": "provider.github",
      "instances": [
        {
          "schema_version": 0,
          "attributes": {
            "description": "Verify tech team: verify-tech-team-approvers",
            "id": "3101758",
            "members": [
              "idrop",
              "46bit",
              "galund",
              "issyl0",
              "mrwilson",
              "philandstuff",
              "chrisholmes",
              "Krenair",
              "thomasalanlee",
              "mmhmm",
              "tlwr",
              "kerrr",
              "robinmitra",
              "brenetic",
              "CharlesIC",
              "sakisv",
              "ronocg",
              "Rosa-Fox",
              "chrisclayson",
              "smford",
              "blairboy362",
              "Wynndow",
              "andy-paine",
              "tomrosier",
              "bjgill",
              "michaelabenyohai",
              "bravegrape",
              "jstandring-gds",
              "mhussein-gds",
              "adityapahuja"
            ],
            "name": "verify-tech-team-approvers",
            "permission": "pull",
            "privacy": "closed",
            "slug": "verify-tech-team-approvers"
          }
        }
      ]
    },
    {
      "module": "module.user_adityapahuja",
      "mode": "data",
      "type": "github_team",
      "name": "approvers_team",
      "provider": "provider.github",
      "instances": [
        {
          "schema_version": 0,
          "attributes": {
            "description": "Verify tech team: verify-tech-team-approvers",
            "id": "3101758",
            "members": [
              "idrop",
              "46bit",
              "galund",
              "issyl0",
              "mrwilson",
              "philandstuff",
              "chrisholmes",
              "Krenair",
              "thomasalanlee",
              "mmhmm",
              "tlwr",
              "kerrr",
              "robinmitra",
              "brenetic",
              "CharlesIC",
              "sakisv",
              "ronocg",
              "Rosa-Fox",
              "chrisclayson",
              "smford",
              "blairboy362",
              "Wynndow",
              "andy-paine",
              "tomrosier",
              "bjgill",
              "michaelabenyohai",
              "bravegrape",
              "jstandring-gds",
              "mhussein-gds",
              "adityapahuja"
            ],
            "name": "verify-tech-team-approvers",
            "permission": "pull",
            "privacy": "closed",
            "slug": "verify-tech-team-approvers"
          }
        }
      ]
    },
    {
      "module": "module.user_thomasalanlee",
      "mode": "data",
      "type": "github_team",
      "name": "approvers_team",
      "provider": "provider.github",
      "instances": [
        {
          "schema_version": 0,
          "attributes": {
            "description": "Verify tech team: verify-tech-team-approvers",
            "id": "3101758",
            "members": [
              "idrop",
              "46bit",
              "galund",
              "issyl0",
              "mrwilson",
              "philandstuff",
              "chrisholmes",
              "Krenair",
              "thomasalanlee",
              "mmhmm",
              "tlwr",
              "kerrr",
              "robinmitra",
              "brenetic",
              "CharlesIC",
              "sakisv",
              "ronocg",
              "Rosa-Fox",
              "chrisclayson",
              "smford",
              "blairboy362",
              "Wynndow",
              "andy-paine",
              "tomrosier",
              "bjgill",
              "michaelabenyohai",
              "bravegrape",
              "jstandring-gds",
              "mhussein-gds",
              "adityapahuja"
            ],
            "name": "verify-tech-team-approvers",
            "permission": "pull",
            "privacy": "closed",
            "slug": "verify-tech-team-approvers"
          }
        }
      ]
    },
    {
      "module": "module.user_gdsnewt",
      "mode": "data",
      "type": "github_team",
      "name": "approvers_team",
      "provider": "provider.github",
      "instances": [
        {
          "schema_version": 0,
          "attributes": {
            "description": "Verify tech team: verify-tech-team-approvers",
            "id": "3101758",
            "members": [
              "idrop",
              "46bit",
              "galund",
              "issyl0",
              "mrwilson",
              "philandstuff",
              "chrisholmes",
              "Krenair",
              "thomasalanlee",
              "mmhmm",
              "tlwr",
              "kerrr",
              "robinmitra",
              "brenetic",
              "CharlesIC",
              "sakisv",
              "ronocg",
              "Rosa-Fox",
              "chrisclayson",
              "smford",
              "blairboy362",
              "Wynndow",
              "andy-paine",
              "tomrosier",
              "bjgill",
              "michaelabenyohai",
              "bravegrape",
              "jstandring-gds",
              "mhussein-gds",
              "adityapahuja"
            ],
            "name": "verify-tech-team-approvers",
            "permission": "pull",
            "privacy": "closed",
            "slug": "verify-tech-team-approvers"
          }
        }
      ]
    },
    {
      "module": "module.user_idacodacybot",
      "mode": "data",
      "type": "github_team",
      "name": "approvers_team",
      "provider": "provider.github",
      "instances": [
        {
          "schema_version": 0,
          "attributes": {
            "description": "Verify tech team: verify-tech-team-approvers",
            "id": "3101758",
            "members": [
              "idrop",
              "46bit",
              "galund",
              "issyl0",
              "mrwilson",
              "philandstuff",
              "chrisholmes",
              "Krenair",
              "thomasalanlee",
              "mmhmm",
              "tlwr",
              "kerrr",
              "robinmitra",
              "brenetic",
              "CharlesIC",
              "sakisv",
              "ronocg",
              "Rosa-Fox",
              "chrisclayson",
              "smford",
              "blairboy362",
              "Wynndow",
              "andy-paine",
              "tomrosier",
              "bjgill",
              "michaelabenyohai",
              "bravegrape",
              "jstandring-gds",
              "mhussein-gds",
              "adityapahuja"
            ],
            "name": "verify-tech-team-approvers",
            "permission": "pull",
            "privacy": "closed",
            "slug": "verify-tech-team-approvers"
          }
        }
      ]
    },
    {
      "module": "module.user_robinmitra",
      "mode": "data",
      "type": "github_team",
      "name": "approvers_team",
      "provider": "provider.github",
      "instances": [
        {
          "schema_version": 0,
          "attributes": {
            "description": "Verify tech team: verify-tech-team-approvers",
            "id": "3101758",
            "members": [
              "idrop",
              "46bit",
              "galund",
              "issyl0",
              "mrwilson",
              "philandstuff",
              "chrisholmes",
              "Krenair",
              "thomasalanlee",
              "mmhmm",
              "tlwr",
              "kerrr",
              "robinmitra",
              "brenetic",
              "CharlesIC",
              "sakisv",
              "ronocg",
              "Rosa-Fox",
              "chrisclayson",
              "smford",
              "blairboy362",
              "Wynndow",
              "andy-paine",
              "tomrosier",
              "bjgill",
              "michaelabenyohai",
              "bravegrape",
              "jstandring-gds",
              "mhussein-gds",
              "adityapahuja"
            ],
            "name": "verify-tech-team-approvers",
            "permission": "pull",
            "privacy": "closed",
            "slug": "verify-tech-team-approvers"
          }
        }
      ]
    },
    {
      "module": "module.user_kerrr",
      "mode": "data",
      "type": "github_team",
      "name": "approvers_team",
      "provider": "provider.github",
      "instances": [
        {
          "schema_version": 0,
          "attributes": {
            "description": "Verify tech team: verify-tech-team-approvers",
            "id": "3101758",
            "members": [
              "idrop",
              "46bit",
              "galund",
              "issyl0",
              "mrwilson",
              "philandstuff",
              "chrisholmes",
              "Krenair",
              "thomasalanlee",
              "mmhmm",
              "tlwr",
              "kerrr",
              "robinmitra",
              "brenetic",
              "CharlesIC",
              "sakisv",
              "ronocg",
              "Rosa-Fox",
              "chrisclayson",
              "smford",
              "blairboy362",
              "Wynndow",
              "andy-paine",
              "tomrosier",
              "bjgill",
              "michaelabenyohai",
              "bravegrape",
              "jstandring-gds",
              "mhussein-gds",
              "adityapahuja"
            ],
            "name": "verify-tech-team-approvers",
            "permission": "pull",
            "privacy": "closed",
            "slug": "verify-tech-team-approvers"
          }
        }
      ]
    },
    {
      "module": "module.user_tomrosier",
      "mode": "data",
      "type": "github_team",
      "name": "approvers_team",
      "provider": "provider.github",
      "instances": [
        {
          "schema_version": 0,
          "attributes": {
            "description": "Verify tech team: verify-tech-team-approvers",
            "id": "3101758",
            "members": [
              "idrop",
              "46bit",
              "galund",
              "issyl0",
              "mrwilson",
              "philandstuff",
              "chrisholmes",
              "Krenair",
              "thomasalanlee",
              "mmhmm",
              "tlwr",
              "kerrr",
              "robinmitra",
              "brenetic",
              "CharlesIC",
              "sakisv",
              "ronocg",
              "Rosa-Fox",
              "chrisclayson",
              "smford",
              "blairboy362",
              "Wynndow",
              "andy-paine",
              "tomrosier",
              "bjgill",
              "michaelabenyohai",
              "bravegrape",
              "jstandring-gds",
              "mhussein-gds",
              "adityapahuja"
            ],
            "name": "verify-tech-team-approvers",
            "permission": "pull",
            "privacy": "closed",
            "slug": "verify-tech-team-approvers"
          }
        }
      ]
    },
    {
      "module": "module.user_bravegrape",
      "mode": "data",
      "type": "github_team",
      "name": "approvers_team",
      "provider": "provider.github",
      "instances": [
        {
          "schema_version": 0,
          "attributes": {
            "description": "Verify tech team: verify-tech-team-approvers",
            "id": "3101758",
            "members": [
              "idrop",
              "46bit",
              "galund",
              "issyl0",
              "mrwilson",
              "philandstuff",
              "chrisholmes",
              "Krenair",
              "thomasalanlee",
              "mmhmm",
              "tlwr",
              "kerrr",
              "robinmitra",
              "brenetic",
              "CharlesIC",
              "sakisv",
              "ronocg",
              "Rosa-Fox",
              "chrisclayson",
              "smford",
              "blairboy362",
              "Wynndow",
              "andy-paine",
              "tomrosier",
              "bjgill",
              "michaelabenyohai",
              "bravegrape",
              "jstandring-gds",
              "mhussein-gds",
              "adityapahuja"
            ],
            "name": "verify-tech-team-approvers",
            "permission": "pull",
            "privacy": "closed",
            "slug": "verify-tech-team-approvers"
          }
        }
      ]
    },
    {
      "module": "module.user_jstandring_gds",
      "mode": "data",
      "type": "github_team",
      "name": "approvers_team",
      "provider": "provider.github",
      "instances": [
        {
          "schema_version": 0,
          "attributes": {
            "description": "Verify tech team: verify-tech-team-approvers",
            "id": "3101758",
            "members": [
              "idrop",
              "46bit",
              "galund",
              "issyl0",
              "mrwilson",
              "philandstuff",
              "chrisholmes",
              "Krenair",
              "thomasalanlee",
              "mmhmm",
              "tlwr",
              "kerrr",
              "robinmitra",
              "brenetic",
              "CharlesIC",
              "sakisv",
              "ronocg",
              "Rosa-Fox",
              "chrisclayson",
              "smford",
              "blairboy362",
              "Wynndow",
              "andy-paine",
              "tomrosier",
              "bjgill",
              "michaelabenyohai",
              "bravegrape",
              "jstandring-gds",
              "mhussein-gds",
              "adityapahuja"
            ],
            "name": "verify-tech-team-approvers",
            "permission": "pull",
            "privacy": "closed",
            "slug": "verify-tech-team-approvers"
          }
        }
      ]
    },
    {
      "module": "module.user_issyl0",
      "mode": "data",
      "type": "github_team",
      "name": "approvers_team",
      "provider": "provider.github",
      "instances": [
        {
          "schema_version": 0,
          "attributes": {
            "description": "Verify tech team: verify-tech-team-approvers",
            "id": "3101758",
            "members": [
              "idrop",
              "46bit",
              "galund",
              "issyl0",
              "mrwilson",
              "philandstuff",
              "chrisholmes",
              "Krenair",
              "thomasalanlee",
              "mmhmm",
              "tlwr",
              "kerrr",
              "robinmitra",
              "brenetic",
              "CharlesIC",
              "sakisv",
              "ronocg",
              "Rosa-Fox",
              "chrisclayson",
              "smford",
              "blairboy362",
              "Wynndow",
              "andy-paine",
              "tomrosier",
              "bjgill",
              "michaelabenyohai",
              "bravegrape",
              "jstandring-gds",
              "mhussein-gds",
              "adityapahuja"
            ],
            "name": "verify-tech-team-approvers",
            "permission": "pull",
            "privacy": "closed",
            "slug": "verify-tech-team-approvers"
          }
        }
      ]
    },
    {
      "module": "module.user_brenetic",
      "mode": "data",
      "type": "github_team",
      "name": "approvers_team",
      "provider": "provider.github",
      "instances": [
        {
          "schema_version": 0,
          "attributes": {
            "description": "Verify tech team: verify-tech-team-approvers",
            "id": "3101758",
            "members": [
              "idrop",
              "46bit",
              "galund",
              "issyl0",
              "mrwilson",
              "philandstuff",
              "chrisholmes",
              "Krenair",
              "thomasalanlee",
              "mmhmm",
              "tlwr",
              "kerrr",
              "robinmitra",
              "brenetic",
              "CharlesIC",
              "sakisv",
              "ronocg",
              "Rosa-Fox",
              "chrisclayson",
              "smford",
              "blairboy362",
              "Wynndow",
              "andy-paine",
              "tomrosier",
              "bjgill",
              "michaelabenyohai",
              "bravegrape",
              "jstandring-gds",
              "mhussein-gds",
              "adityapahuja"
            ],
            "name": "verify-tech-team-approvers",
            "permission": "pull",
            "privacy": "closed",
            "slug": "verify-tech-team-approvers"
          }
        }
      ]
    },
    {
      "module": "module.user_tlwr",
      "mode": "data",
      "type": "github_team",
      "name": "approvers_team",
      "provider": "provider.github",
      "instances": [
        {
          "schema_version": 0,
          "attributes": {
            "description": "Verify tech team: verify-tech-team-approvers",
            "id": "3101758",
            "members": [
              "idrop",
              "46bit",
              "galund",
              "issyl0",
              "mrwilson",
              "philandstuff",
              "chrisholmes",
              "Krenair",
              "thomasalanlee",
              "mmhmm",
              "tlwr",
              "kerrr",
              "robinmitra",
              "brenetic",
              "CharlesIC",
              "sakisv",
              "ronocg",
              "Rosa-Fox",
              "chrisclayson",
              "smford",
              "blairboy362",
              "Wynndow",
              "andy-paine",
              "tomrosier",
              "bjgill",
              "michaelabenyohai",
              "bravegrape",
              "jstandring-gds",
              "mhussein-gds",
              "adityapahuja"
            ],
            "name": "verify-tech-team-approvers",
            "permission": "pull",
            "privacy": "closed",
            "slug": "verify-tech-team-approvers"
          }
        }
      ]
    },
    {
      "module": "module.user_ronocg",
      "mode": "data",
      "type": "github_team",
      "name": "approvers_team",
      "provider": "provider.github",
      "instances": [
        {
          "schema_version": 0,
          "attributes": {
            "description": "Verify tech team: verify-tech-team-approvers",
            "id": "3101758",
            "members": [
              "idrop",
              "46bit",
              "galund",
              "issyl0",
              "mrwilson",
              "philandstuff",
              "chrisholmes",
              "Krenair",
              "thomasalanlee",
              "mmhmm",
              "tlwr",
              "kerrr",
              "robinmitra",
              "brenetic",
              "CharlesIC",
              "sakisv",
              "ronocg",
              "Rosa-Fox",
              "chrisclayson",
              "smford",
              "blairboy362",
              "Wynndow",
              "andy-paine",
              "tomrosier",
              "bjgill",
              "michaelabenyohai",
              "bravegrape",
              "jstandring-gds",
              "mhussein-gds",
              "adityapahuja"
            ],
            "name": "verify-tech-team-approvers",
            "permission": "pull",
            "privacy": "closed",
            "slug": "verify-tech-team-approvers"
          }
        }
      ]
    },
    {
      "module": "module.user_alan_gds",
      "mode": "data",
      "type": "github_team",
      "name": "approvers_team",
      "provider": "provider.github",
      "instances": [
        {
          "schema_version": 0,
          "attributes": {
            "description": "Verify tech team: verify-tech-team-approvers",
            "id": "3101758",
            "members": [
              "idrop",
              "46bit",
              "galund",
              "issyl0",
              "mrwilson",
              "philandstuff",
              "chrisholmes",
              "Krenair",
              "thomasalanlee",
              "mmhmm",
              "tlwr",
              "kerrr",
              "robinmitra",
              "brenetic",
              "CharlesIC",
              "sakisv",
              "ronocg",
              "Rosa-Fox",
              "chrisclayson",
              "smford",
              "blairboy362",
              "Wynndow",
              "andy-paine",
              "tomrosier",
              "bjgill",
              "michaelabenyohai",
              "bravegrape",
              "jstandring-gds",
              "mhussein-gds",
              "adityapahuja"
            ],
            "name": "verify-tech-team-approvers",
            "permission": "pull",
            "privacy": "closed",
            "slug": "verify-tech-team-approvers"
          }
        }
      ]
    },
    {
      "module": "module.user_annecarr",
      "mode": "data",
      "type": "github_team",
      "name": "approvers_team",
      "provider": "provider.github",
      "instances": [
        {
          "schema_version": 0,
          "attributes": {
            "description": "Verify tech team: verify-tech-team-approvers",
            "id": "3101758",
            "members": [
              "idrop",
              "46bit",
              "galund",
              "issyl0",
              "mrwilson",
              "philandstuff",
              "chrisholmes",
              "Krenair",
              "thomasalanlee",
              "mmhmm",
              "tlwr",
              "kerrr",
              "robinmitra",
              "brenetic",
              "CharlesIC",
              "sakisv",
              "ronocg",
              "Rosa-Fox",
              "chrisclayson",
              "smford",
              "blairboy362",
              "Wynndow",
              "andy-paine",
              "tomrosier",
              "bjgill",
              "michaelabenyohai",
              "bravegrape",
              "jstandring-gds",
              "mhussein-gds",
              "adityapahuja"
            ],
            "name": "verify-tech-team-approvers",
            "permission": "pull",
            "privacy": "closed",
            "slug": "verify-tech-team-approvers"
          }
        }
      ]
    },
    {
      "module": "module.user_galund",
      "mode": "data",
      "type": "github_team",
      "name": "approvers_team",
      "provider": "provider.github",
      "instances": [
        {
          "schema_version": 0,
          "attributes": {
            "description": "Verify tech team: verify-tech-team-approvers",
            "id": "3101758",
            "members": [
              "idrop",
              "46bit",
              "galund",
              "issyl0",
              "mrwilson",
              "philandstuff",
              "chrisholmes",
              "Krenair",
              "thomasalanlee",
              "mmhmm",
              "tlwr",
              "kerrr",
              "robinmitra",
              "brenetic",
              "CharlesIC",
              "sakisv",
              "ronocg",
              "Rosa-Fox",
              "chrisclayson",
              "smford",
              "blairboy362",
              "Wynndow",
              "andy-paine",
              "tomrosier",
              "bjgill",
              "michaelabenyohai",
              "bravegrape",
              "jstandring-gds",
              "mhussein-gds",
              "adityapahuja"
            ],
            "name": "verify-tech-team-approvers",
            "permission": "pull",
            "privacy": "closed",
            "slug": "verify-tech-team-approvers"
          }
        }
      ]
    },
    {
      "module": "module.user_philandstuff",
      "mode": "data",
      "type": "github_team",
      "name": "approvers_team",
      "provider": "provider.github",
      "instances": [
        {
          "schema_version": 0,
          "attributes": {
            "description": "Verify tech team: verify-tech-team-approvers",
            "id": "3101758",
            "members": [
              "idrop",
              "46bit",
              "galund",
              "issyl0",
              "mrwilson",
              "philandstuff",
              "chrisholmes",
              "Krenair",
              "thomasalanlee",
              "mmhmm",
              "tlwr",
              "kerrr",
              "robinmitra",
              "brenetic",
              "CharlesIC",
              "sakisv",
              "ronocg",
              "Rosa-Fox",
              "chrisclayson",
              "smford",
              "blairboy362",
              "Wynndow",
              "andy-paine",
              "tomrosier",
              "bjgill",
              "michaelabenyohai",
              "bravegrape",
              "jstandring-gds",
              "mhussein-gds",
              "adityapahuja"
            ],
            "name": "verify-tech-team-approvers",
            "permission": "pull",
            "privacy": "closed",
            "slug": "verify-tech-team-approvers"
          }
        }
      ]
    },
    {
      "mode": "data",
      "type": "github_team",
      "name": "core",
      "provider": "provider.github",
      "instances": [
        {
          "schema_version": 0,
          "attributes": {
            "description": "Verify tech team: verify-tech-team-core",
            "id": "2826122",
            "members": [
              "idrop",
              "46bit",
              "galund",
              "issyl0",
              "mrwilson",
              "philandstuff",
              "chrisholmes",
              "Krenair",
              "thomasalanlee",
              "tlwr",
              "kerrr",
              "instantiator",
              "zilnhoj",
              "Todai88",
              "robinmitra",
              "brenetic",
              "nacnudus",
              "CharlesIC",
              "jkunle",
              "sakisv",
              "ronocg",
              "Rosa-Fox",
              "AnneCarr",
              "ida-build-bot",
              "chrisclayson",
              "blairboy362",
              "Wynndow",
              "andy-paine",
              "tomrosier",
              "bjgill"
            ],
            "name": "verify-tech-team-core",
            "permission": "pull",
            "privacy": "closed",
            "slug": "verify-tech-team-core"
          }
        }
      ]
    },
    {
      "mode": "data",
      "type": "github_team",
      "name": "eidas",
      "provider": "provider.github",
      "instances": [
        {
          "schema_version": 0,
          "attributes": {
            "description": "Verify tech team: verify-tech-team-eidas",
            "id": "2826126",
            "members": [
              "idrop",
              "chrisholmes",
              "thomasalanlee",
              "instantiator",
              "CharlesIC",
              "ida-build-bot",
              "blairboy362",
              "Wynndow",
              "tomrosier",
              "michaelabenyohai",
              "benjamin-mortimer",
              "JHjava",
              "dbes-gds",
              "JohnWattsGDS",
              "ida-codacy-bot"
            ],
            "name": "verify-tech-team-eidas",
            "permission": "pull",
            "privacy": "closed",
            "slug": "verify-tech-team-eidas"
          }
        }
      ]
    },
    {
      "mode": "data",
      "type": "github_team",
      "name": "infrastructure",
      "provider": "provider.github",
      "instances": [
        {
          "schema_version": 0,
          "attributes": {
            "description": "Verify tech team: verify-tech-team-infrastructure",
            "id": "2826127",
            "members": [
              "46bit",
              "issyl0",
              "philandstuff",
              "chrisholmes",
              "Krenair",
              "thomasalanlee",
              "mmhmm",
              "tlwr",
              "sakisv",
              "stephengrier",
              "smford",
              "blairboy362",
              "andy-paine",
              "michaelabenyohai",
              "jstandring-gds",
              "adityapahuja",
              "rhowe-gds",
              "szd55gds"
            ],
            "name": "verify-tech-team-infrastructure",
            "permission": "pull",
            "privacy": "closed",
            "slug": "verify-tech-team-infrastructure"
          }
        }
      ]
    },
    {
      "module": "module.user_alex_monk",
      "mode": "data",
      "type": "github_team",
      "name": "tech_team",
      "provider": "provider.github",
      "instances": [
        {
          "schema_version": 0,
          "attributes": {
            "description": "Verify Tech Team",
            "id": "2830432",
            "members": [
              "idrop",
              "46bit",
              "galund",
              "issyl0",
              "mrwilson",
              "philandstuff",
              "chrisholmes",
              "Krenair",
              "thomasalanlee",
              "mmhmm",
              "tlwr",
              "kerrr",
              "instantiator",
              "zilnhoj",
              "Todai88",
              "robinmitra",
              "brenetic",
              "nacnudus",
              "CharlesIC",
              "jkunle",
              "sakisv",
              "stephengrier",
              "ronocg",
              "Rosa-Fox",
              "AnneCarr",
              "ida-build-bot",
              "chrisclayson",
              "smford",
              "blairboy362",
              "Wynndow"
            ],
            "name": "verify-tech-team",
            "permission": "pull",
            "privacy": "closed",
            "slug": "verify-tech-team"
          }
        }
      ]
    },
    {
      "module": "module.user_amritsidhu",
      "mode": "data",
      "type": "github_team",
      "name": "tech_team",
      "provider": "provider.github",
      "instances": [
        {
          "schema_version": 0,
          "attributes": {
            "description": "Verify Tech Team",
            "id": "2830432",
            "members": [
              "idrop",
              "46bit",
              "galund",
              "issyl0",
              "mrwilson",
              "philandstuff",
              "chrisholmes",
              "Krenair",
              "thomasalanlee",
              "mmhmm",
              "tlwr",
              "kerrr",
              "instantiator",
              "zilnhoj",
              "Todai88",
              "robinmitra",
              "brenetic",
              "nacnudus",
              "CharlesIC",
              "jkunle",
              "sakisv",
              "stephengrier",
              "ronocg",
              "Rosa-Fox",
              "AnneCarr",
              "ida-build-bot",
              "chrisclayson",
              "smford",
              "blairboy362",
              "Wynndow"
            ],
            "name": "verify-tech-team",
            "permission": "pull",
            "privacy": "closed",
            "slug": "verify-tech-team"
          }
        }
      ]
    },
    {
      "module": "module.user_szd55gds",
      "mode": "data",
      "type": "github_team",
      "name": "tech_team",
      "provider": "provider.github",
      "instances": [
        {
          "schema_version": 0,
          "attributes": {
            "description": "Verify Tech Team",
            "id": "2830432",
            "members": [
              "idrop",
              "46bit",
              "galund",
              "issyl0",
              "mrwilson",
              "philandstuff",
              "chrisholmes",
              "Krenair",
              "thomasalanlee",
              "mmhmm",
              "tlwr",
              "kerrr",
              "instantiator",
              "zilnhoj",
              "Todai88",
              "robinmitra",
              "brenetic",
              "nacnudus",
              "CharlesIC",
              "jkunle",
              "sakisv",
              "stephengrier",
              "ronocg",
              "Rosa-Fox",
              "AnneCarr",
              "ida-build-bot",
              "chrisclayson",
              "smford",
              "blairboy362",
              "Wynndow"
            ],
            "name": "verify-tech-team",
            "permission": "pull",
            "privacy": "closed",
            "slug": "verify-tech-team"
          }
        }
      ]
    },
    {
      "module": "module.user_danielblair",
      "mode": "data",
      "type": "github_team",
      "name": "tech_team",
      "provider": "provider.github",
      "instances": [
        {
          "schema_version": 0,
          "attributes": {
            "description": "Verify Tech Team",
            "id": "2830432",
            "members": [
              "idrop",
              "46bit",
              "galund",
              "issyl0",
              "mrwilson",
              "philandstuff",
              "chrisholmes",
              "Krenair",
              "thomasalanlee",
              "mmhmm",
              "tlwr",
              "kerrr",
              "instantiator",
              "zilnhoj",
              "Todai88",
              "robinmitra",
              "brenetic",
              "nacnudus",
              "CharlesIC",
              "jkunle",
              "sakisv",
              "stephengrier",
              "ronocg",
              "Rosa-Fox",
              "AnneCarr",
              "ida-build-bot",
              "chrisclayson",
              "smford",
              "blairboy362",
              "Wynndow"
            ],
            "name": "verify-tech-team",
            "permission": "pull",
            "privacy": "closed",
            "slug": "verify-tech-team"
          }
        }
      ]
    },
    {
      "module": "module.user_j_maynard",
      "mode": "data",
      "type": "github_team",
      "name": "tech_team",
      "provider": "provider.github",
      "instances": [
        {
          "schema_version": 0,
          "attributes": {
            "description": "Verify Tech Team",
            "id": "2830432",
            "members": [
              "idrop",
              "46bit",
              "galund",
              "issyl0",
              "mrwilson",
              "philandstuff",
              "chrisholmes",
              "Krenair",
              "thomasalanlee",
              "mmhmm",
              "tlwr",
              "kerrr",
              "instantiator",
              "zilnhoj",
              "Todai88",
              "robinmitra",
              "brenetic",
              "nacnudus",
              "CharlesIC",
              "jkunle",
              "sakisv",
              "stephengrier",
              "ronocg",
              "Rosa-Fox",
              "AnneCarr",
              "ida-build-bot",
              "chrisclayson",
              "smford",
              "blairboy362",
              "Wynndow"
            ],
            "name": "verify-tech-team",
            "permission": "pull",
            "privacy": "closed",
            "slug": "verify-tech-team"
          }
        }
      ]
    },
    {
      "module": "module.user_smford",
      "mode": "data",
      "type": "github_team",
      "name": "tech_team",
      "provider": "provider.github",
      "instances": [
        {
          "schema_version": 0,
          "attributes": {
            "description": "Verify Tech Team",
            "id": "2830432",
            "members": [
              "idrop",
              "46bit",
              "galund",
              "issyl0",
              "mrwilson",
              "philandstuff",
              "chrisholmes",
              "Krenair",
              "thomasalanlee",
              "mmhmm",
              "tlwr",
              "kerrr",
              "instantiator",
              "zilnhoj",
              "Todai88",
              "robinmitra",
              "brenetic",
              "nacnudus",
              "CharlesIC",
              "jkunle",
              "sakisv",
              "stephengrier",
              "ronocg",
              "Rosa-Fox",
              "AnneCarr",
              "ida-build-bot",
              "chrisclayson",
              "smford",
              "blairboy362",
              "Wynndow"
            ],
            "name": "verify-tech-team",
            "permission": "pull",
            "privacy": "closed",
            "slug": "verify-tech-team"
          }
        }
      ]
    },
    {
      "module": "module.user_sarahdean",
      "mode": "data",
      "type": "github_team",
      "name": "tech_team",
      "provider": "provider.github",
      "instances": [
        {
          "schema_version": 0,
          "attributes": {
            "description": "Verify Tech Team",
            "id": "2830432",
            "members": [
              "idrop",
              "46bit",
              "galund",
              "issyl0",
              "mrwilson",
              "philandstuff",
              "chrisholmes",
              "Krenair",
              "thomasalanlee",
              "mmhmm",
              "tlwr",
              "kerrr",
              "instantiator",
              "zilnhoj",
              "Todai88",
              "robinmitra",
              "brenetic",
              "nacnudus",
              "CharlesIC",
              "jkunle",
              "sakisv",
              "stephengrier",
              "ronocg",
              "Rosa-Fox",
              "AnneCarr",
              "ida-build-bot",
              "chrisclayson",
              "smford",
              "blairboy362",
              "Wynndow"
            ],
            "name": "verify-tech-team",
            "permission": "pull",
            "privacy": "closed",
            "slug": "verify-tech-team"
          }
        }
      ]
    },
    {
      "module": "module.user_sakisv",
      "mode": "data",
      "type": "github_team",
      "name": "tech_team",
      "provider": "provider.github",
      "instances": [
        {
          "schema_version": 0,
          "attributes": {
            "description": "Verify Tech Team",
            "id": "2830432",
            "members": [
              "idrop",
              "46bit",
              "galund",
              "issyl0",
              "mrwilson",
              "philandstuff",
              "chrisholmes",
              "Krenair",
              "thomasalanlee",
              "mmhmm",
              "tlwr",
              "kerrr",
              "instantiator",
              "zilnhoj",
              "Todai88",
              "robinmitra",
              "brenetic",
              "nacnudus",
              "CharlesIC",
              "jkunle",
              "sakisv",
              "stephengrier",
              "ronocg",
              "Rosa-Fox",
              "AnneCarr",
              "ida-build-bot",
              "chrisclayson",
              "smford",
              "blairboy362",
              "Wynndow"
            ],
            "name": "verify-tech-team",
            "permission": "pull",
            "privacy": "closed",
            "slug": "verify-tech-team"
          }
        }
      ]
    },
    {
      "module": "module.user_jakubmiarka",
      "mode": "data",
      "type": "github_team",
      "name": "tech_team",
      "provider": "provider.github",
      "instances": [
        {
          "schema_version": 0,
          "attributes": {
            "description": "Verify Tech Team",
            "id": "2830432",
            "members": [
              "idrop",
              "46bit",
              "galund",
              "issyl0",
              "mrwilson",
              "philandstuff",
              "chrisholmes",
              "Krenair",
              "thomasalanlee",
              "mmhmm",
              "tlwr",
              "kerrr",
              "instantiator",
              "zilnhoj",
              "Todai88",
              "robinmitra",
              "brenetic",
              "nacnudus",
              "CharlesIC",
              "jkunle",
              "sakisv",
              "stephengrier",
              "ronocg",
              "Rosa-Fox",
              "AnneCarr",
              "ida-build-bot",
              "chrisclayson",
              "smford",
              "blairboy362",
              "Wynndow"
            ],
            "name": "verify-tech-team",
            "permission": "pull",
            "privacy": "closed",
            "slug": "verify-tech-team"
          }
        }
      ]
    },
    {
      "module": "module.user_charlesic",
      "mode": "data",
      "type": "github_team",
      "name": "tech_team",
      "provider": "provider.github",
      "instances": [
        {
          "schema_version": 0,
          "attributes": {
            "description": "Verify Tech Team",
            "id": "2830432",
            "members": [
              "idrop",
              "46bit",
              "galund",
              "issyl0",
              "mrwilson",
              "philandstuff",
              "chrisholmes",
              "Krenair",
              "thomasalanlee",
              "mmhmm",
              "tlwr",
              "kerrr",
              "instantiator",
              "zilnhoj",
              "Todai88",
              "robinmitra",
              "brenetic",
              "nacnudus",
              "CharlesIC",
              "jkunle",
              "sakisv",
              "stephengrier",
              "ronocg",
              "Rosa-Fox",
              "AnneCarr",
              "ida-build-bot",
              "chrisclayson",
              "smford",
              "blairboy362",
              "Wynndow"
            ],
            "name": "verify-tech-team",
            "permission": "pull",
            "privacy": "closed",
            "slug": "verify-tech-team"
          }
        }
      ]
    },
    {
      "module": "module.user_benjamin_mortimer",
      "mode": "data",
      "type": "github_team",
      "name": "tech_team",
      "provider": "provider.github",
      "instances": [
        {
          "schema_version": 0,
          "attributes": {
            "description": "Verify Tech Team",
            "id": "2830432",
            "members": [
              "idrop",
              "46bit",
              "galund",
              "issyl0",
              "mrwilson",
              "philandstuff",
              "chrisholmes",
              "Krenair",
              "thomasalanlee",
              "mmhmm",
              "tlwr",
              "kerrr",
              "instantiator",
              "zilnhoj",
              "Todai88",
              "robinmitra",
              "brenetic",
              "nacnudus",
              "CharlesIC",
              "jkunle",
              "sakisv",
              "stephengrier",
              "ronocg",
              "Rosa-Fox",
              "AnneCarr",
              "ida-build-bot",
              "chrisclayson",
              "smford",
              "blairboy362",
              "Wynndow"
            ],
            "name": "verify-tech-team",
            "permission": "pull",
            "privacy": "closed",
            "slug": "verify-tech-team"
          }
        }
      ]
    },
    {
      "module": "module.user_blairboy362",
      "mode": "data",
      "type": "github_team",
      "name": "tech_team",
      "provider": "provider.github",
      "instances": [
        {
          "schema_version": 0,
          "attributes": {
            "description": "Verify Tech Team",
            "id": "2830432",
            "members": [
              "idrop",
              "46bit",
              "galund",
              "issyl0",
              "mrwilson",
              "philandstuff",
              "chrisholmes",
              "Krenair",
              "thomasalanlee",
              "mmhmm",
              "tlwr",
              "kerrr",
              "instantiator",
              "zilnhoj",
              "Todai88",
              "robinmitra",
              "brenetic",
              "nacnudus",
              "CharlesIC",
              "jkunle",
              "sakisv",
              "stephengrier",
              "ronocg",
              "Rosa-Fox",
              "AnneCarr",
              "ida-build-bot",
              "chrisclayson",
              "smford",
              "blairboy362",
              "Wynndow"
            ],
            "name": "verify-tech-team",
            "permission": "pull",
            "privacy": "closed",
            "slug": "verify-tech-team"
          }
        }
      ]
    },
    {
      "module": "module.user_alexandergeegds",
      "mode": "data",
      "type": "github_team",
      "name": "tech_team",
      "provider": "provider.github",
      "instances": [
        {
          "schema_version": 0,
          "attributes": {
            "description": "Verify Tech Team",
            "id": "2830432",
            "members": [
              "idrop",
              "46bit",
              "galund",
              "issyl0",
              "mrwilson",
              "philandstuff",
              "chrisholmes",
              "Krenair",
              "thomasalanlee",
              "mmhmm",
              "tlwr",
              "kerrr",
              "instantiator",
              "zilnhoj",
              "Todai88",
              "robinmitra",
              "brenetic",
              "nacnudus",
              "CharlesIC",
              "jkunle",
              "sakisv",
              "stephengrier",
              "ronocg",
              "Rosa-Fox",
              "AnneCarr",
              "ida-build-bot",
              "chrisclayson",
              "smford",
              "blairboy362",
              "Wynndow"
            ],
            "name": "verify-tech-team",
            "permission": "pull",
            "privacy": "closed",
            "slug": "verify-tech-team"
          }
        }
      ]
    },
    {
      "module": "module.user_johnwattsgds",
      "mode": "data",
      "type": "github_team",
      "name": "tech_team",
      "provider": "provider.github",
      "instances": [
        {
          "schema_version": 0,
          "attributes": {
            "description": "Verify Tech Team",
            "id": "2830432",
            "members": [
              "idrop",
              "46bit",
              "galund",
              "issyl0",
              "mrwilson",
              "philandstuff",
              "chrisholmes",
              "Krenair",
              "thomasalanlee",
              "mmhmm",
              "tlwr",
              "kerrr",
              "instantiator",
              "zilnhoj",
              "Todai88",
              "robinmitra",
              "brenetic",
              "nacnudus",
              "CharlesIC",
              "jkunle",
              "sakisv",
              "stephengrier",
              "ronocg",
              "Rosa-Fox",
              "AnneCarr",
              "ida-build-bot",
              "chrisclayson",
              "smford",
              "blairboy362",
              "Wynndow"
            ],
            "name": "verify-tech-team",
            "permission": "pull",
            "privacy": "closed",
            "slug": "verify-tech-team"
          }
        }
      ]
    },
    {
      "module": "module.user_instantiator",
      "mode": "data",
      "type": "github_team",
      "name": "tech_team",
      "provider": "provider.github",
      "instances": [
        {
          "schema_version": 0,
          "attributes": {
            "description": "Verify Tech Team",
            "id": "2830432",
            "members": [
              "idrop",
              "46bit",
              "galund",
              "issyl0",
              "mrwilson",
              "philandstuff",
              "chrisholmes",
              "Krenair",
              "thomasalanlee",
              "mmhmm",
              "tlwr",
              "kerrr",
              "instantiator",
              "zilnhoj",
              "Todai88",
              "robinmitra",
              "brenetic",
              "nacnudus",
              "CharlesIC",
              "jkunle",
              "sakisv",
              "stephengrier",
              "ronocg",
              "Rosa-Fox",
              "AnneCarr",
              "ida-build-bot",
              "chrisclayson",
              "smford",
              "blairboy362",
              "Wynndow"
            ],
            "name": "verify-tech-team",
            "permission": "pull",
            "privacy": "closed",
            "slug": "verify-tech-team"
          }
        }
      ]
    },
    {
      "module": "module.user_jkunle",
      "mode": "data",
      "type": "github_team",
      "name": "tech_team",
      "provider": "provider.github",
      "instances": [
        {
          "schema_version": 0,
          "attributes": {
            "description": "Verify Tech Team",
            "id": "2830432",
            "members": [
              "idrop",
              "46bit",
              "galund",
              "issyl0",
              "mrwilson",
              "philandstuff",
              "chrisholmes",
              "Krenair",
              "thomasalanlee",
              "mmhmm",
              "tlwr",
              "kerrr",
              "instantiator",
              "zilnhoj",
              "Todai88",
              "robinmitra",
              "brenetic",
              "nacnudus",
              "CharlesIC",
              "jkunle",
              "sakisv",
              "stephengrier",
              "ronocg",
              "Rosa-Fox",
              "AnneCarr",
              "ida-build-bot",
              "chrisclayson",
              "smford",
              "blairboy362",
              "Wynndow"
            ],
            "name": "verify-tech-team",
            "permission": "pull",
            "privacy": "closed",
            "slug": "verify-tech-team"
          }
        }
      ]
    },
    {
      "module": "module.user_mrwilson",
      "mode": "data",
      "type": "github_team",
      "name": "tech_team",
      "provider": "provider.github",
      "instances": [
        {
          "schema_version": 0,
          "attributes": {
            "description": "Verify Tech Team",
            "id": "2830432",
            "members": [
              "idrop",
              "46bit",
              "galund",
              "issyl0",
              "mrwilson",
              "philandstuff",
              "chrisholmes",
              "Krenair",
              "thomasalanlee",
              "mmhmm",
              "tlwr",
              "kerrr",
              "instantiator",
              "zilnhoj",
              "Todai88",
              "robinmitra",
              "brenetic",
              "nacnudus",
              "CharlesIC",
              "jkunle",
              "sakisv",
              "stephengrier",
              "ronocg",
              "Rosa-Fox",
              "AnneCarr",
              "ida-build-bot",
              "chrisclayson",
              "smford",
              "blairboy362",
              "Wynndow"
            ],
            "name": "verify-tech-team",
            "permission": "pull",
            "privacy": "closed",
            "slug": "verify-tech-team"
          }
        }
      ]
    },
    {
      "module": "module.user_rhowe_gds",
      "mode": "data",
      "type": "github_team",
      "name": "tech_team",
      "provider": "provider.github",
      "instances": [
        {
          "schema_version": 0,
          "attributes": {
            "description": "Verify Tech Team",
            "id": "2830432",
            "members": [
              "idrop",
              "46bit",
              "galund",
              "issyl0",
              "mrwilson",
              "philandstuff",
              "chrisholmes",
              "Krenair",
              "thomasalanlee",
              "mmhmm",
              "tlwr",
              "kerrr",
              "instantiator",
              "zilnhoj",
              "Todai88",
              "robinmitra",
              "brenetic",
              "nacnudus",
              "CharlesIC",
              "jkunle",
              "sakisv",
              "stephengrier",
              "ronocg",
              "Rosa-Fox",
              "AnneCarr",
              "ida-build-bot",
              "chrisclayson",
              "smford",
              "blairboy362",
              "Wynndow"
            ],
            "name": "verify-tech-team",
            "permission": "pull",
            "privacy": "closed",
            "slug": "verify-tech-team"
          }
        }
      ]
    },
    {
      "module": "module.user_ida_build_bot",
      "mode": "data",
      "type": "github_team",
      "name": "tech_team",
      "provider": "provider.github",
      "instances": [
        {
          "schema_version": 0,
          "attributes": {
            "description": "Verify Tech Team",
            "id": "2830432",
            "members": [
              "idrop",
              "46bit",
              "galund",
              "issyl0",
              "mrwilson",
              "philandstuff",
              "chrisholmes",
              "Krenair",
              "thomasalanlee",
              "mmhmm",
              "tlwr",
              "kerrr",
              "instantiator",
              "zilnhoj",
              "Todai88",
              "robinmitra",
              "brenetic",
              "nacnudus",
              "CharlesIC",
              "jkunle",
              "sakisv",
              "stephengrier",
              "ronocg",
              "Rosa-Fox",
              "AnneCarr",
              "ida-build-bot",
              "chrisclayson",
              "smford",
              "blairboy362",
              "Wynndow"
            ],
            "name": "verify-tech-team",
            "permission": "pull",
            "privacy": "closed",
            "slug": "verify-tech-team"
          }
        }
      ]
    },
    {
      "module": "module.user_dbes_gds",
      "mode": "data",
      "type": "github_team",
      "name": "tech_team",
      "provider": "provider.github",
      "instances": [
        {
          "schema_version": 0,
          "attributes": {
            "description": "Verify Tech Team",
            "id": "2830432",
            "members": [
              "idrop",
              "46bit",
              "galund",
              "issyl0",
              "mrwilson",
              "philandstuff",
              "chrisholmes",
              "Krenair",
              "thomasalanlee",
              "mmhmm",
              "tlwr",
              "kerrr",
              "instantiator",
              "zilnhoj",
              "Todai88",
              "robinmitra",
              "brenetic",
              "nacnudus",
              "CharlesIC",
              "jkunle",
              "sakisv",
              "stephengrier",
              "ronocg",
              "Rosa-Fox",
              "AnneCarr",
              "ida-build-bot",
              "chrisclayson",
              "smford",
              "blairboy362",
              "Wynndow"
            ],
            "name": "verify-tech-team",
            "permission": "pull",
            "privacy": "closed",
            "slug": "verify-tech-team"
          }
        }
      ]
    },
    {
      "module": "module.user_todai88",
      "mode": "data",
      "type": "github_team",
      "name": "tech_team",
      "provider": "provider.github",
      "instances": [
        {
          "schema_version": 0,
          "attributes": {
            "description": "Verify Tech Team",
            "id": "2830432",
            "members": [
              "idrop",
              "46bit",
              "galund",
              "issyl0",
              "mrwilson",
              "philandstuff",
              "chrisholmes",
              "Krenair",
              "thomasalanlee",
              "mmhmm",
              "tlwr",
              "kerrr",
              "instantiator",
              "zilnhoj",
              "Todai88",
              "robinmitra",
              "brenetic",
              "nacnudus",
              "CharlesIC",
              "jkunle",
              "sakisv",
              "stephengrier",
              "ronocg",
              "Rosa-Fox",
              "AnneCarr",
              "ida-build-bot",
              "chrisclayson",
              "smford",
              "blairboy362",
              "Wynndow"
            ],
            "name": "verify-tech-team",
            "permission": "pull",
            "privacy": "closed",
            "slug": "verify-tech-team"
          }
        }
      ]
    },
    {
      "module": "module.user_mariaslo",
      "mode": "data",
      "type": "github_team",
      "name": "tech_team",
      "provider": "provider.github",
      "instances": [
        {
          "schema_version": 0,
          "attributes": {
            "description": "Verify Tech Team",
            "id": "2830432",
            "members": [
              "idrop",
              "46bit",
              "galund",
              "issyl0",
              "mrwilson",
              "philandstuff",
              "chrisholmes",
              "Krenair",
              "thomasalanlee",
              "mmhmm",
              "tlwr",
              "kerrr",
              "instantiator",
              "zilnhoj",
              "Todai88",
              "robinmitra",
              "brenetic",
              "nacnudus",
              "CharlesIC",
              "jkunle",
              "sakisv",
              "stephengrier",
              "ronocg",
              "Rosa-Fox",
              "AnneCarr",
              "ida-build-bot",
              "chrisclayson",
              "smford",
              "blairboy362",
              "Wynndow"
            ],
            "name": "verify-tech-team",
            "permission": "pull",
            "privacy": "closed",
            "slug": "verify-tech-team"
          }
        }
      ]
    },
    {
      "module": "module.user_mhussein_gds",
      "mode": "data",
      "type": "github_team",
      "name": "tech_team",
      "provider": "provider.github",
      "instances": [
        {
          "schema_version": 0,
          "attributes": {
            "description": "Verify Tech Team",
            "id": "2830432",
            "members": [
              "idrop",
              "46bit",
              "galund",
              "issyl0",
              "mrwilson",
              "philandstuff",
              "chrisholmes",
              "Krenair",
              "thomasalanlee",
              "mmhmm",
              "tlwr",
              "kerrr",
              "instantiator",
              "zilnhoj",
              "Todai88",
              "robinmitra",
              "brenetic",
              "nacnudus",
              "CharlesIC",
              "jkunle",
              "sakisv",
              "stephengrier",
              "ronocg",
              "Rosa-Fox",
              "AnneCarr",
              "ida-build-bot",
              "chrisclayson",
              "smford",
              "blairboy362",
              "Wynndow"
            ],
            "name": "verify-tech-team",
            "permission": "pull",
            "privacy": "closed",
            "slug": "verify-tech-team"
          }
        }
      ]
    },
    {
      "module": "module.user_idrop",
      "mode": "data",
      "type": "github_team",
      "name": "tech_team",
      "provider": "provider.github",
      "instances": [
        {
          "schema_version": 0,
          "attributes": {
            "description": "Verify Tech Team",
            "id": "2830432",
            "members": [
              "idrop",
              "46bit",
              "galund",
              "issyl0",
              "mrwilson",
              "philandstuff",
              "chrisholmes",
              "Krenair",
              "thomasalanlee",
              "mmhmm",
              "tlwr",
              "kerrr",
              "instantiator",
              "zilnhoj",
              "Todai88",
              "robinmitra",
              "brenetic",
              "nacnudus",
              "CharlesIC",
              "jkunle",
              "sakisv",
              "stephengrier",
              "ronocg",
              "Rosa-Fox",
              "AnneCarr",
              "ida-build-bot",
              "chrisclayson",
              "smford",
              "blairboy362",
              "Wynndow"
            ],
            "name": "verify-tech-team",
            "permission": "pull",
            "privacy": "closed",
            "slug": "verify-tech-team"
          }
        }
      ]
    },
    {
      "module": "module.user_zilnhoj",
      "mode": "data",
      "type": "github_team",
      "name": "tech_team",
      "provider": "provider.github",
      "instances": [
        {
          "schema_version": 0,
          "attributes": {
            "description": "Verify Tech Team",
            "id": "2830432",
            "members": [
              "idrop",
              "46bit",
              "galund",
              "issyl0",
              "mrwilson",
              "philandstuff",
              "chrisholmes",
              "Krenair",
              "thomasalanlee",
              "mmhmm",
              "tlwr",
              "kerrr",
              "instantiator",
              "zilnhoj",
              "Todai88",
              "robinmitra",
              "brenetic",
              "nacnudus",
              "CharlesIC",
              "jkunle",
              "sakisv",
              "stephengrier",
              "ronocg",
              "Rosa-Fox",
              "AnneCarr",
              "ida-build-bot",
              "chrisclayson",
              "smford",
              "blairboy362",
              "Wynndow"
            ],
            "name": "verify-tech-team",
            "permission": "pull",
            "privacy": "closed",
            "slug": "verify-tech-team"
          }
        }
      ]
    },
    {
      "module": "module.user_rosa_fox",
      "mode": "data",
      "type": "github_team",
      "name": "tech_team",
      "provider": "provider.github",
      "instances": [
        {
          "schema_version": 0,
          "attributes": {
            "description": "Verify Tech Team",
            "id": "2830432",
            "members": [
              "idrop",
              "46bit",
              "galund",
              "issyl0",
              "mrwilson",
              "philandstuff",
              "chrisholmes",
              "Krenair",
              "thomasalanlee",
              "mmhmm",
              "tlwr",
              "kerrr",
              "instantiator",
              "zilnhoj",
              "Todai88",
              "robinmitra",
              "brenetic",
              "nacnudus",
              "CharlesIC",
              "jkunle",
              "sakisv",
              "stephengrier",
              "ronocg",
              "Rosa-Fox",
              "AnneCarr",
              "ida-build-bot",
              "chrisclayson",
              "smford",
              "blairboy362",
              "Wynndow"
            ],
            "name": "verify-tech-team",
            "permission": "pull",
            "privacy": "closed",
            "slug": "verify-tech-team"
          }
        }
      ]
    },
    {
      "module": "module.user_michaelabenyohai",
      "mode": "data",
      "type": "github_team",
      "name": "tech_team",
      "provider": "provider.github",
      "instances": [
        {
          "schema_version": 0,
          "attributes": {
            "description": "Verify Tech Team",
            "id": "2830432",
            "members": [
              "idrop",
              "46bit",
              "galund",
              "issyl0",
              "mrwilson",
              "philandstuff",
              "chrisholmes",
              "Krenair",
              "thomasalanlee",
              "mmhmm",
              "tlwr",
              "kerrr",
              "instantiator",
              "zilnhoj",
              "Todai88",
              "robinmitra",
              "brenetic",
              "nacnudus",
              "CharlesIC",
              "jkunle",
              "sakisv",
              "stephengrier",
              "ronocg",
              "Rosa-Fox",
              "AnneCarr",
              "ida-build-bot",
              "chrisclayson",
              "smford",
              "blairboy362",
              "Wynndow"
            ],
            "name": "verify-tech-team",
            "permission": "pull",
            "privacy": "closed",
            "slug": "verify-tech-team"
          }
        }
      ]
    },
    {
      "module": "module.user_chrisclayson",
      "mode": "data",
      "type": "github_team",
      "name": "tech_team",
      "provider": "provider.github",
      "instances": [
        {
          "schema_version": 0,
          "attributes": {
            "description": "Verify Tech Team",
            "id": "2830432",
            "members": [
              "idrop",
              "46bit",
              "galund",
              "issyl0",
              "mrwilson",
              "philandstuff",
              "chrisholmes",
              "Krenair",
              "thomasalanlee",
              "mmhmm",
              "tlwr",
              "kerrr",
              "instantiator",
              "zilnhoj",
              "Todai88",
              "robinmitra",
              "brenetic",
              "nacnudus",
              "CharlesIC",
              "jkunle",
              "sakisv",
              "stephengrier",
              "ronocg",
              "Rosa-Fox",
              "AnneCarr",
              "ida-build-bot",
              "chrisclayson",
              "smford",
              "blairboy362",
              "Wynndow"
            ],
            "name": "verify-tech-team",
            "permission": "pull",
            "privacy": "closed",
            "slug": "verify-tech-team"
          }
        }
      ]
    },
    {
      "module": "module.user_chris_wynne",
      "mode": "data",
      "type": "github_team",
      "name": "tech_team",
      "provider": "provider.github",
      "instances": [
        {
          "schema_version": 0,
          "attributes": {
            "description": "Verify Tech Team",
            "id": "2830432",
            "members": [
              "idrop",
              "46bit",
              "galund",
              "issyl0",
              "mrwilson",
              "philandstuff",
              "chrisholmes",
              "Krenair",
              "thomasalanlee",
              "mmhmm",
              "tlwr",
              "kerrr",
              "instantiator",
              "zilnhoj",
              "Todai88",
              "robinmitra",
              "brenetic",
              "nacnudus",
              "CharlesIC",
              "jkunle",
              "sakisv",
              "stephengrier",
              "ronocg",
              "Rosa-Fox",
              "AnneCarr",
              "ida-build-bot",
              "chrisclayson",
              "smford",
              "blairboy362",
              "Wynndow"
            ],
            "name": "verify-tech-team",
            "permission": "pull",
            "privacy": "closed",
            "slug": "verify-tech-team"
          }
        }
      ]
    },
    {
      "module": "module.user_chrisholmes",
      "mode": "data",
      "type": "github_team",
      "name": "tech_team",
      "provider": "provider.github",
      "instances": [
        {
          "schema_version": 0,
          "attributes": {
            "description": "Verify Tech Team",
            "id": "2830432",
            "members": [
              "idrop",
              "46bit",
              "galund",
              "issyl0",
              "mrwilson",
              "philandstuff",
              "chrisholmes",
              "Krenair",
              "thomasalanlee",
              "mmhmm",
              "tlwr",
              "kerrr",
              "instantiator",
              "zilnhoj",
              "Todai88",
              "robinmitra",
              "brenetic",
              "nacnudus",
              "CharlesIC",
              "jkunle",
              "sakisv",
              "stephengrier",
              "ronocg",
              "Rosa-Fox",
              "AnneCarr",
              "ida-build-bot",
              "chrisclayson",
              "smford",
              "blairboy362",
              "Wynndow"
            ],
            "name": "verify-tech-team",
            "permission": "pull",
            "privacy": "closed",
            "slug": "verify-tech-team"
          }
        }
      ]
    },
    {
      "module": "module.user_mmhmm",
      "mode": "data",
      "type": "github_team",
      "name": "tech_team",
      "provider": "provider.github",
      "instances": [
        {
          "schema_version": 0,
          "attributes": {
            "description": "Verify Tech Team",
            "id": "2830432",
            "members": [
              "idrop",
              "46bit",
              "galund",
              "issyl0",
              "mrwilson",
              "philandstuff",
              "chrisholmes",
              "Krenair",
              "thomasalanlee",
              "mmhmm",
              "tlwr",
              "kerrr",
              "instantiator",
              "zilnhoj",
              "Todai88",
              "robinmitra",
              "brenetic",
              "nacnudus",
              "CharlesIC",
              "jkunle",
              "sakisv",
              "stephengrier",
              "ronocg",
              "Rosa-Fox",
              "AnneCarr",
              "ida-build-bot",
              "chrisclayson",
              "smford",
              "blairboy362",
              "Wynndow"
            ],
            "name": "verify-tech-team",
            "permission": "pull",
            "privacy": "closed",
            "slug": "verify-tech-team"
          }
        }
      ]
    },
    {
      "module": "module.user_andy_paine",
      "mode": "data",
      "type": "github_team",
      "name": "tech_team",
      "provider": "provider.github",
      "instances": [
        {
          "schema_version": 0,
          "attributes": {
            "description": "Verify Tech Team",
            "id": "2830432",
            "members": [
              "idrop",
              "46bit",
              "galund",
              "issyl0",
              "mrwilson",
              "philandstuff",
              "chrisholmes",
              "Krenair",
              "thomasalanlee",
              "mmhmm",
              "tlwr",
              "kerrr",
              "instantiator",
              "zilnhoj",
              "Todai88",
              "robinmitra",
              "brenetic",
              "nacnudus",
              "CharlesIC",
              "jkunle",
              "sakisv",
              "stephengrier",
              "ronocg",
              "Rosa-Fox",
              "AnneCarr",
              "ida-build-bot",
              "chrisclayson",
              "smford",
              "blairboy362",
              "Wynndow"
            ],
            "name": "verify-tech-team",
            "permission": "pull",
            "privacy": "closed",
            "slug": "verify-tech-team"
          }
        }
      ]
    },
    {
      "module": "module.user_racinghippo",
      "mode": "data",
      "type": "github_team",
      "name": "tech_team",
      "provider": "provider.github",
      "instances": [
        {
          "schema_version": 0,
          "attributes": {
            "description": "Verify Tech Team",
            "id": "2830432",
            "members": [
              "idrop",
              "46bit",
              "galund",
              "issyl0",
              "mrwilson",
              "philandstuff",
              "chrisholmes",
              "Krenair",
              "thomasalanlee",
              "mmhmm",
              "tlwr",
              "kerrr",
              "instantiator",
              "zilnhoj",
              "Todai88",
              "robinmitra",
              "brenetic",
              "nacnudus",
              "CharlesIC",
              "jkunle",
              "sakisv",
              "stephengrier",
              "ronocg",
              "Rosa-Fox",
              "AnneCarr",
              "ida-build-bot",
              "chrisclayson",
              "smford",
              "blairboy362",
              "Wynndow"
            ],
            "name": "verify-tech-team",
            "permission": "pull",
            "privacy": "closed",
            "slug": "verify-tech-team"
          }
        }
      ]
    },
    {
      "module": "module.user_jhjava",
      "mode": "data",
      "type": "github_team",
      "name": "tech_team",
      "provider": "provider.github",
      "instances": [
        {
          "schema_version": 0,
          "attributes": {
            "description": "Verify Tech Team",
            "id": "2830432",
            "members": [
              "idrop",
              "46bit",
              "galund",
              "issyl0",
              "mrwilson",
              "philandstuff",
              "chrisholmes",
              "Krenair",
              "thomasalanlee",
              "mmhmm",
              "tlwr",
              "kerrr",
              "instantiator",
              "zilnhoj",
              "Todai88",
              "robinmitra",
              "brenetic",
              "nacnudus",
              "CharlesIC",
              "jkunle",
              "sakisv",
              "stephengrier",
              "ronocg",
              "Rosa-Fox",
              "AnneCarr",
              "ida-build-bot",
              "chrisclayson",
              "smford",
              "blairboy362",
              "Wynndow"
            ],
            "name": "verify-tech-team",
            "permission": "pull",
            "privacy": "closed",
            "slug": "verify-tech-team"
          }
        }
      ]
    },
    {
      "module": "module.user_nacnudus",
      "mode": "data",
      "type": "github_team",
      "name": "tech_team",
      "provider": "provider.github",
      "instances": [
        {
          "schema_version": 0,
          "attributes": {
            "description": "Verify Tech Team",
            "id": "2830432",
            "members": [
              "idrop",
              "46bit",
              "galund",
              "issyl0",
              "mrwilson",
              "philandstuff",
              "chrisholmes",
              "Krenair",
              "thomasalanlee",
              "mmhmm",
              "tlwr",
              "kerrr",
              "instantiator",
              "zilnhoj",
              "Todai88",
              "robinmitra",
              "brenetic",
              "nacnudus",
              "CharlesIC",
              "jkunle",
              "sakisv",
              "stephengrier",
              "ronocg",
              "Rosa-Fox",
              "AnneCarr",
              "ida-build-bot",
              "chrisclayson",
              "smford",
              "blairboy362",
              "Wynndow"
            ],
            "name": "verify-tech-team",
            "permission": "pull",
            "privacy": "closed",
            "slug": "verify-tech-team"
          }
        }
      ]
    },
    {
      "module": "module.user_bjgill",
      "mode": "data",
      "type": "github_team",
      "name": "tech_team",
      "provider": "provider.github",
      "instances": [
        {
          "schema_version": 0,
          "attributes": {
            "description": "Verify Tech Team",
            "id": "2830432",
            "members": [
              "idrop",
              "46bit",
              "galund",
              "issyl0",
              "mrwilson",
              "philandstuff",
              "chrisholmes",
              "Krenair",
              "thomasalanlee",
              "mmhmm",
              "tlwr",
              "kerrr",
              "instantiator",
              "zilnhoj",
              "Todai88",
              "robinmitra",
              "brenetic",
              "nacnudus",
              "CharlesIC",
              "jkunle",
              "sakisv",
              "stephengrier",
              "ronocg",
              "Rosa-Fox",
              "AnneCarr",
              "ida-build-bot",
              "chrisclayson",
              "smford",
              "blairboy362",
              "Wynndow"
            ],
            "name": "verify-tech-team",
            "permission": "pull",
            "privacy": "closed",
            "slug": "verify-tech-team"
          }
        }
      ]
    },
    {
      "module": "module.user_coleni",
      "mode": "data",
      "type": "github_team",
      "name": "tech_team",
      "provider": "provider.github",
      "instances": [
        {
          "schema_version": 0,
          "attributes": {
            "description": "Verify Tech Team",
            "id": "2830432",
            "members": [
              "idrop",
              "46bit",
              "galund",
              "issyl0",
              "mrwilson",
              "philandstuff",
              "chrisholmes",
              "Krenair",
              "thomasalanlee",
              "mmhmm",
              "tlwr",
              "kerrr",
              "instantiator",
              "zilnhoj",
              "Todai88",
              "robinmitra",
              "brenetic",
              "nacnudus",
              "CharlesIC",
              "jkunle",
              "sakisv",
              "stephengrier",
              "ronocg",
              "Rosa-Fox",
              "AnneCarr",
              "ida-build-bot",
              "chrisclayson",
              "smford",
              "blairboy362",
              "Wynndow"
            ],
            "name": "verify-tech-team",
            "permission": "pull",
            "privacy": "closed",
            "slug": "verify-tech-team"
          }
        }
      ]
    },
    {
      "module": "module.user_adityapahuja",
      "mode": "data",
      "type": "github_team",
      "name": "tech_team",
      "provider": "provider.github",
      "instances": [
        {
          "schema_version": 0,
          "attributes": {
            "description": "Verify Tech Team",
            "id": "2830432",
            "members": [
              "idrop",
              "46bit",
              "galund",
              "issyl0",
              "mrwilson",
              "philandstuff",
              "chrisholmes",
              "Krenair",
              "thomasalanlee",
              "mmhmm",
              "tlwr",
              "kerrr",
              "instantiator",
              "zilnhoj",
              "Todai88",
              "robinmitra",
              "brenetic",
              "nacnudus",
              "CharlesIC",
              "jkunle",
              "sakisv",
              "stephengrier",
              "ronocg",
              "Rosa-Fox",
              "AnneCarr",
              "ida-build-bot",
              "chrisclayson",
              "smford",
              "blairboy362",
              "Wynndow"
            ],
            "name": "verify-tech-team",
            "permission": "pull",
            "privacy": "closed",
            "slug": "verify-tech-team"
          }
        }
      ]
    },
    {
      "module": "module.user_thomasalanlee",
      "mode": "data",
      "type": "github_team",
      "name": "tech_team",
      "provider": "provider.github",
      "instances": [
        {
          "schema_version": 0,
          "attributes": {
            "description": "Verify Tech Team",
            "id": "2830432",
            "members": [
              "idrop",
              "46bit",
              "galund",
              "issyl0",
              "mrwilson",
              "philandstuff",
              "chrisholmes",
              "Krenair",
              "thomasalanlee",
              "mmhmm",
              "tlwr",
              "kerrr",
              "instantiator",
              "zilnhoj",
              "Todai88",
              "robinmitra",
              "brenetic",
              "nacnudus",
              "CharlesIC",
              "jkunle",
              "sakisv",
              "stephengrier",
              "ronocg",
              "Rosa-Fox",
              "AnneCarr",
              "ida-build-bot",
              "chrisclayson",
              "smford",
              "blairboy362",
              "Wynndow"
            ],
            "name": "verify-tech-team",
            "permission": "pull",
            "privacy": "closed",
            "slug": "verify-tech-team"
          }
        }
      ]
    },
    {
      "module": "module.user_gdsnewt",
      "mode": "data",
      "type": "github_team",
      "name": "tech_team",
      "provider": "provider.github",
      "instances": [
        {
          "schema_version": 0,
          "attributes": {
            "description": "Verify Tech Team",
            "id": "2830432",
            "members": [
              "idrop",
              "46bit",
              "galund",
              "issyl0",
              "mrwilson",
              "philandstuff",
              "chrisholmes",
              "Krenair",
              "thomasalanlee",
              "mmhmm",
              "tlwr",
              "kerrr",
              "instantiator",
              "zilnhoj",
              "Todai88",
              "robinmitra",
              "brenetic",
              "nacnudus",
              "CharlesIC",
              "jkunle",
              "sakisv",
              "stephengrier",
              "ronocg",
              "Rosa-Fox",
              "AnneCarr",
              "ida-build-bot",
              "chrisclayson",
              "smford",
              "blairboy362",
              "Wynndow"
            ],
            "name": "verify-tech-team",
            "permission": "pull",
            "privacy": "closed",
            "slug": "verify-tech-team"
          }
        }
      ]
    },
    {
      "module": "module.user_idacodacybot",
      "mode": "data",
      "type": "github_team",
      "name": "tech_team",
      "provider": "provider.github",
      "instances": [
        {
          "schema_version": 0,
          "attributes": {
            "description": "Verify Tech Team",
            "id": "2830432",
            "members": [
              "idrop",
              "46bit",
              "galund",
              "issyl0",
              "mrwilson",
              "philandstuff",
              "chrisholmes",
              "Krenair",
              "thomasalanlee",
              "mmhmm",
              "tlwr",
              "kerrr",
              "instantiator",
              "zilnhoj",
              "Todai88",
              "robinmitra",
              "brenetic",
              "nacnudus",
              "CharlesIC",
              "jkunle",
              "sakisv",
              "stephengrier",
              "ronocg",
              "Rosa-Fox",
              "AnneCarr",
              "ida-build-bot",
              "chrisclayson",
              "smford",
              "blairboy362",
              "Wynndow"
            ],
            "name": "verify-tech-team",
            "permission": "pull",
            "privacy": "closed",
            "slug": "verify-tech-team"
          }
        }
      ]
    },
    {
      "module": "module.user_robinmitra",
      "mode": "data",
      "type": "github_team",
      "name": "tech_team",
      "provider": "provider.github",
      "instances": [
        {
          "schema_version": 0,
          "attributes": {
            "description": "Verify Tech Team",
            "id": "2830432",
            "members": [
              "idrop",
              "46bit",
              "galund",
              "issyl0",
              "mrwilson",
              "philandstuff",
              "chrisholmes",
              "Krenair",
              "thomasalanlee",
              "mmhmm",
              "tlwr",
              "kerrr",
              "instantiator",
              "zilnhoj",
              "Todai88",
              "robinmitra",
              "brenetic",
              "nacnudus",
              "CharlesIC",
              "jkunle",
              "sakisv",
              "stephengrier",
              "ronocg",
              "Rosa-Fox",
              "AnneCarr",
              "ida-build-bot",
              "chrisclayson",
              "smford",
              "blairboy362",
              "Wynndow"
            ],
            "name": "verify-tech-team",
            "permission": "pull",
            "privacy": "closed",
            "slug": "verify-tech-team"
          }
        }
      ]
    },
    {
      "module": "module.user_kerrr",
      "mode": "data",
      "type": "github_team",
      "name": "tech_team",
      "provider": "provider.github",
      "instances": [
        {
          "schema_version": 0,
          "attributes": {
            "description": "Verify Tech Team",
            "id": "2830432",
            "members": [
              "idrop",
              "46bit",
              "galund",
              "issyl0",
              "mrwilson",
              "philandstuff",
              "chrisholmes",
              "Krenair",
              "thomasalanlee",
              "mmhmm",
              "tlwr",
              "kerrr",
              "instantiator",
              "zilnhoj",
              "Todai88",
              "robinmitra",
              "brenetic",
              "nacnudus",
              "CharlesIC",
              "jkunle",
              "sakisv",
              "stephengrier",
              "ronocg",
              "Rosa-Fox",
              "AnneCarr",
              "ida-build-bot",
              "chrisclayson",
              "smford",
              "blairboy362",
              "Wynndow"
            ],
            "name": "verify-tech-team",
            "permission": "pull",
            "privacy": "closed",
            "slug": "verify-tech-team"
          }
        }
      ]
    },
    {
      "module": "module.user_tomrosier",
      "mode": "data",
      "type": "github_team",
      "name": "tech_team",
      "provider": "provider.github",
      "instances": [
        {
          "schema_version": 0,
          "attributes": {
            "description": "Verify Tech Team",
            "id": "2830432",
            "members": [
              "idrop",
              "46bit",
              "galund",
              "issyl0",
              "mrwilson",
              "philandstuff",
              "chrisholmes",
              "Krenair",
              "thomasalanlee",
              "mmhmm",
              "tlwr",
              "kerrr",
              "instantiator",
              "zilnhoj",
              "Todai88",
              "robinmitra",
              "brenetic",
              "nacnudus",
              "CharlesIC",
              "jkunle",
              "sakisv",
              "stephengrier",
              "ronocg",
              "Rosa-Fox",
              "AnneCarr",
              "ida-build-bot",
              "chrisclayson",
              "smford",
              "blairboy362",
              "Wynndow"
            ],
            "name": "verify-tech-team",
            "permission": "pull",
            "privacy": "closed",
            "slug": "verify-tech-team"
          }
        }
      ]
    },
    {
      "module": "module.user_bravegrape",
      "mode": "data",
      "type": "github_team",
      "name": "tech_team",
      "provider": "provider.github",
      "instances": [
        {
          "schema_version": 0,
          "attributes": {
            "description": "Verify Tech Team",
            "id": "2830432",
            "members": [
              "idrop",
              "46bit",
              "galund",
              "issyl0",
              "mrwilson",
              "philandstuff",
              "chrisholmes",
              "Krenair",
              "thomasalanlee",
              "mmhmm",
              "tlwr",
              "kerrr",
              "instantiator",
              "zilnhoj",
              "Todai88",
              "robinmitra",
              "brenetic",
              "nacnudus",
              "CharlesIC",
              "jkunle",
              "sakisv",
              "stephengrier",
              "ronocg",
              "Rosa-Fox",
              "AnneCarr",
              "ida-build-bot",
              "chrisclayson",
              "smford",
              "blairboy362",
              "Wynndow"
            ],
            "name": "verify-tech-team",
            "permission": "pull",
            "privacy": "closed",
            "slug": "verify-tech-team"
          }
        }
      ]
    },
    {
      "module": "module.user_jstandring_gds",
      "mode": "data",
      "type": "github_team",
      "name": "tech_team",
      "provider": "provider.github",
      "instances": [
        {
          "schema_version": 0,
          "attributes": {
            "description": "Verify Tech Team",
            "id": "2830432",
            "members": [
              "idrop",
              "46bit",
              "galund",
              "issyl0",
              "mrwilson",
              "philandstuff",
              "chrisholmes",
              "Krenair",
              "thomasalanlee",
              "mmhmm",
              "tlwr",
              "kerrr",
              "instantiator",
              "zilnhoj",
              "Todai88",
              "robinmitra",
              "brenetic",
              "nacnudus",
              "CharlesIC",
              "jkunle",
              "sakisv",
              "stephengrier",
              "ronocg",
              "Rosa-Fox",
              "AnneCarr",
              "ida-build-bot",
              "chrisclayson",
              "smford",
              "blairboy362",
              "Wynndow"
            ],
            "name": "verify-tech-team",
            "permission": "pull",
            "privacy": "closed",
            "slug": "verify-tech-team"
          }
        }
      ]
    },
    {
      "module": "module.user_issyl0",
      "mode": "data",
      "type": "github_team",
      "name": "tech_team",
      "provider": "provider.github",
      "instances": [
        {
          "schema_version": 0,
          "attributes": {
            "description": "Verify Tech Team",
            "id": "2830432",
            "members": [
              "idrop",
              "46bit",
              "galund",
              "issyl0",
              "mrwilson",
              "philandstuff",
              "chrisholmes",
              "Krenair",
              "thomasalanlee",
              "mmhmm",
              "tlwr",
              "kerrr",
              "instantiator",
              "zilnhoj",
              "Todai88",
              "robinmitra",
              "brenetic",
              "nacnudus",
              "CharlesIC",
              "jkunle",
              "sakisv",
              "stephengrier",
              "ronocg",
              "Rosa-Fox",
              "AnneCarr",
              "ida-build-bot",
              "chrisclayson",
              "smford",
              "blairboy362",
              "Wynndow"
            ],
            "name": "verify-tech-team",
            "permission": "pull",
            "privacy": "closed",
            "slug": "verify-tech-team"
          }
        }
      ]
    },
    {
      "module": "module.user_brenetic",
      "mode": "data",
      "type": "github_team",
      "name": "tech_team",
      "provider": "provider.github",
      "instances": [
        {
          "schema_version": 0,
          "attributes": {
            "description": "Verify Tech Team",
            "id": "2830432",
            "members": [
              "idrop",
              "46bit",
              "galund",
              "issyl0",
              "mrwilson",
              "philandstuff",
              "chrisholmes",
              "Krenair",
              "thomasalanlee",
              "mmhmm",
              "tlwr",
              "kerrr",
              "instantiator",
              "zilnhoj",
              "Todai88",
              "robinmitra",
              "brenetic",
              "nacnudus",
              "CharlesIC",
              "jkunle",
              "sakisv",
              "stephengrier",
              "ronocg",
              "Rosa-Fox",
              "AnneCarr",
              "ida-build-bot",
              "chrisclayson",
              "smford",
              "blairboy362",
              "Wynndow"
            ],
            "name": "verify-tech-team",
            "permission": "pull",
            "privacy": "closed",
            "slug": "verify-tech-team"
          }
        }
      ]
    },
    {
      "module": "module.user_tlwr",
      "mode": "data",
      "type": "github_team",
      "name": "tech_team",
      "provider": "provider.github",
      "instances": [
        {
          "schema_version": 0,
          "attributes": {
            "description": "Verify Tech Team",
            "id": "2830432",
            "members": [
              "idrop",
              "46bit",
              "galund",
              "issyl0",
              "mrwilson",
              "philandstuff",
              "chrisholmes",
              "Krenair",
              "thomasalanlee",
              "mmhmm",
              "tlwr",
              "kerrr",
              "instantiator",
              "zilnhoj",
              "Todai88",
              "robinmitra",
              "brenetic",
              "nacnudus",
              "CharlesIC",
              "jkunle",
              "sakisv",
              "stephengrier",
              "ronocg",
              "Rosa-Fox",
              "AnneCarr",
              "ida-build-bot",
              "chrisclayson",
              "smford",
              "blairboy362",
              "Wynndow"
            ],
            "name": "verify-tech-team",
            "permission": "pull",
            "privacy": "closed",
            "slug": "verify-tech-team"
          }
        }
      ]
    },
    {
      "module": "module.user_ronocg",
      "mode": "data",
      "type": "github_team",
      "name": "tech_team",
      "provider": "provider.github",
      "instances": [
        {
          "schema_version": 0,
          "attributes": {
            "description": "Verify Tech Team",
            "id": "2830432",
            "members": [
              "idrop",
              "46bit",
              "galund",
              "issyl0",
              "mrwilson",
              "philandstuff",
              "chrisholmes",
              "Krenair",
              "thomasalanlee",
              "mmhmm",
              "tlwr",
              "kerrr",
              "instantiator",
              "zilnhoj",
              "Todai88",
              "robinmitra",
              "brenetic",
              "nacnudus",
              "CharlesIC",
              "jkunle",
              "sakisv",
              "stephengrier",
              "ronocg",
              "Rosa-Fox",
              "AnneCarr",
              "ida-build-bot",
              "chrisclayson",
              "smford",
              "blairboy362",
              "Wynndow"
            ],
            "name": "verify-tech-team",
            "permission": "pull",
            "privacy": "closed",
            "slug": "verify-tech-team"
          }
        }
      ]
    },
    {
      "module": "module.user_alan_gds",
      "mode": "data",
      "type": "github_team",
      "name": "tech_team",
      "provider": "provider.github",
      "instances": [
        {
          "schema_version": 0,
          "attributes": {
            "description": "Verify Tech Team",
            "id": "2830432",
            "members": [
              "idrop",
              "46bit",
              "galund",
              "issyl0",
              "mrwilson",
              "philandstuff",
              "chrisholmes",
              "Krenair",
              "thomasalanlee",
              "mmhmm",
              "tlwr",
              "kerrr",
              "instantiator",
              "zilnhoj",
              "Todai88",
              "robinmitra",
              "brenetic",
              "nacnudus",
              "CharlesIC",
              "jkunle",
              "sakisv",
              "stephengrier",
              "ronocg",
              "Rosa-Fox",
              "AnneCarr",
              "ida-build-bot",
              "chrisclayson",
              "smford",
              "blairboy362",
              "Wynndow"
            ],
            "name": "verify-tech-team",
            "permission": "pull",
            "privacy": "closed",
            "slug": "verify-tech-team"
          }
        }
      ]
    },
    {
      "module": "module.user_annecarr",
      "mode": "data",
      "type": "github_team",
      "name": "tech_team",
      "provider": "provider.github",
      "instances": [
        {
          "schema_version": 0,
          "attributes": {
            "description": "Verify Tech Team",
            "id": "2830432",
            "members": [
              "idrop",
              "46bit",
              "galund",
              "issyl0",
              "mrwilson",
              "philandstuff",
              "chrisholmes",
              "Krenair",
              "thomasalanlee",
              "mmhmm",
              "tlwr",
              "kerrr",
              "instantiator",
              "zilnhoj",
              "Todai88",
              "robinmitra",
              "brenetic",
              "nacnudus",
              "CharlesIC",
              "jkunle",
              "sakisv",
              "stephengrier",
              "ronocg",
              "Rosa-Fox",
              "AnneCarr",
              "ida-build-bot",
              "chrisclayson",
              "smford",
              "blairboy362",
              "Wynndow"
            ],
            "name": "verify-tech-team",
            "permission": "pull",
            "privacy": "closed",
            "slug": "verify-tech-team"
          }
        }
      ]
    },
    {
      "module": "module.user_galund",
      "mode": "data",
      "type": "github_team",
      "name": "tech_team",
      "provider": "provider.github",
      "instances": [
        {
          "schema_version": 0,
          "attributes": {
            "description": "Verify Tech Team",
            "id": "2830432",
            "members": [
              "idrop",
              "46bit",
              "galund",
              "issyl0",
              "mrwilson",
              "philandstuff",
              "chrisholmes",
              "Krenair",
              "thomasalanlee",
              "mmhmm",
              "tlwr",
              "kerrr",
              "instantiator",
              "zilnhoj",
              "Todai88",
              "robinmitra",
              "brenetic",
              "nacnudus",
              "CharlesIC",
              "jkunle",
              "sakisv",
              "stephengrier",
              "ronocg",
              "Rosa-Fox",
              "AnneCarr",
              "ida-build-bot",
              "chrisclayson",
              "smford",
              "blairboy362",
              "Wynndow"
            ],
            "name": "verify-tech-team",
            "permission": "pull",
            "privacy": "closed",
            "slug": "verify-tech-team"
          }
        }
      ]
    },
    {
      "module": "module.user_philandstuff",
      "mode": "data",
      "type": "github_team",
      "name": "tech_team",
      "provider": "provider.github",
      "instances": [
        {
          "schema_version": 0,
          "attributes": {
            "description": "Verify Tech Team",
            "id": "2830432",
            "members": [
              "idrop",
              "46bit",
              "galund",
              "issyl0",
              "mrwilson",
              "philandstuff",
              "chrisholmes",
              "Krenair",
              "thomasalanlee",
              "mmhmm",
              "tlwr",
              "kerrr",
              "instantiator",
              "zilnhoj",
              "Todai88",
              "robinmitra",
              "brenetic",
              "nacnudus",
              "CharlesIC",
              "jkunle",
              "sakisv",
              "stephengrier",
              "ronocg",
              "Rosa-Fox",
              "AnneCarr",
              "ida-build-bot",
              "chrisclayson",
              "smford",
              "blairboy362",
              "Wynndow"
            ],
            "name": "verify-tech-team",
            "permission": "pull",
            "privacy": "closed",
            "slug": "verify-tech-team"
          }
        }
      ]
    },
    {
      "module": "module.user_alex_monk",
      "mode": "managed",
      "type": "github_team_membership",
      "name": "team_membership",
      "each": "list",
      "provider": "provider.github",
      "instances": [
        {
          "index_key": 0,
          "schema_version": 0,
          "attributes": {
            "etag": "W/\"e41d60cb2ba426d66dffda35c1c84dc0\"",
            "id": "2826122:Krenair",
            "role": "member",
            "team_id": "2826122",
            "username": "Krenair"
          }
        },
        {
          "index_key": 1,
          "schema_version": 0,
          "attributes": {
            "etag": "W/\"166283bab16b847c003660c0b63ebc9d\"",
            "id": "2826127:Krenair",
            "role": "member",
            "team_id": "2826127",
            "username": "Krenair"
          }
        }
      ]
    },
    {
      "module": "module.user_amritsidhu",
      "mode": "managed",
      "type": "github_team_membership",
      "name": "team_membership",
      "each": "list",
      "provider": "provider.github",
      "instances": [
        {
          "index_key": 0,
          "schema_version": 0,
          "attributes": {
            "etag": "W/\"ff0d76ee7c77e7f3bd6401e1b07aa56d\"",
            "id": "2826122:AmritSidhu",
            "role": "member",
            "team_id": "2826122",
            "username": "AmritSidhu"
          }
        }
      ]
    },
    {
      "module": "module.user_szd55gds",
      "mode": "managed",
      "type": "github_team_membership",
      "name": "team_membership",
      "each": "list",
      "provider": "provider.github",
      "instances": [
        {
          "index_key": 0,
          "schema_version": 0,
          "attributes": {
            "etag": "W/\"36d16a11ca25d69d97dc5306e2688007\"",
            "id": "2826127:szd55gds",
            "role": "member",
            "team_id": "2826127",
            "username": "szd55gds"
          }
        }
      ]
    },
    {
      "module": "module.user_danielblair",
      "mode": "managed",
      "type": "github_team_membership",
      "name": "team_membership",
      "each": "list",
      "provider": "provider.github",
      "instances": [
        {
          "index_key": 0,
          "schema_version": 0,
          "attributes": {
            "etag": "W/\"7b014c6f21c6f77bcc6e657fc220e69c\"",
            "id": "2826122:blairboy362",
            "role": "member",
            "team_id": "2826122",
            "username": "blairboy362"
          }
        },
        {
          "index_key": 1,
          "schema_version": 0,
          "attributes": {
            "etag": "W/\"156d7715edf97f0aa3fbe68b8a197518\"",
            "id": "2826126:blairboy362",
            "role": "member",
            "team_id": "2826126",
            "username": "blairboy362"
          }
        }
      ]
    },
    {
      "module": "module.user_j_maynard",
      "mode": "managed",
      "type": "github_team_membership",
      "name": "team_membership",
      "each": "list",
      "provider": "provider.github",
      "instances": [
        {
          "index_key": 0,
          "schema_version": 0,
          "attributes": {
            "etag": "W/\"91698f738a5590831b91175f40b80f91\"",
            "id": "2826122:j-maynard",
            "role": "member",
            "team_id": "2826122",
            "username": "j-maynard"
          }
        }
      ]
    },
    {
      "module": "module.user_smford",
      "mode": "managed",
      "type": "github_team_membership",
      "name": "team_membership",
      "each": "list",
      "provider": "provider.github",
      "instances": [
        {
          "index_key": 0,
          "schema_version": 0,
          "attributes": {
            "etag": "W/\"c0f6d1c5d90d517fb4c38bc8119969fe\"",
            "id": "2826127:smford",
            "role": "member",
            "team_id": "2826127",
            "username": "smford"
          },
          "private": "bnVsbA=="
        }
      ]
    },
    {
      "module": "module.user_sarahdean",
      "mode": "managed",
      "type": "github_team_membership",
      "name": "team_membership",
      "each": "list",
      "provider": "provider.github",
      "instances": [
        {
          "index_key": 0,
          "schema_version": 0,
          "attributes": {
            "etag": "W/\"35d2fedf09eedb7c9fdd601fef48055e\"",
            "id": "2826122:sarah-dean",
            "role": "member",
            "team_id": "2826122",
            "username": "sarah-dean"
          }
        }
      ]
    },
    {
      "module": "module.user_sakisv",
      "mode": "managed",
      "type": "github_team_membership",
      "name": "team_membership",
      "each": "list",
      "provider": "provider.github",
      "instances": [
        {
          "index_key": 0,
          "schema_version": 0,
          "attributes": {
            "etag": "W/\"4b6edbb9ebb95ece3007bc9417b89bdb\"",
            "id": "2826122:sakisv",
            "role": "member",
            "team_id": "2826122",
            "username": "sakisv"
          }
        },
        {
          "index_key": 1,
          "schema_version": 0,
          "attributes": {
            "etag": "W/\"5e60faba08e22e0cf7077f3b582cae51\"",
            "id": "2826127:sakisv",
            "role": "member",
            "team_id": "2826127",
            "username": "sakisv"
          }
        }
      ]
    },
    {
      "module": "module.user_jakubmiarka",
      "mode": "managed",
      "type": "github_team_membership",
      "name": "team_membership",
      "each": "list",
      "provider": "provider.github",
      "instances": [
        {
          "index_key": 0,
          "schema_version": 0,
          "attributes": {
            "etag": "W/\"bfd8bea0814b54163a2f87aa08b6da1c\"",
            "id": "2826122:jakubmiarka",
            "role": "maintainer",
            "team_id": "2826122",
            "username": "jakubmiarka"
          }
        }
      ]
    },
    {
      "module": "module.user_charlesic",
      "mode": "managed",
      "type": "github_team_membership",
      "name": "team_membership",
      "each": "list",
      "provider": "provider.github",
      "instances": [
        {
          "index_key": 0,
          "schema_version": 0,
          "attributes": {
            "etag": "W/\"39f873ea51fae6b2ce702cd630012404\"",
            "id": "2826122:CharlesIC",
            "role": "maintainer",
            "team_id": "2826122",
            "username": "CharlesIC"
          }
        },
        {
          "index_key": 1,
          "schema_version": 0,
          "attributes": {
            "etag": "W/\"0def40b4da89f5b98733d6358399c46d\"",
            "id": "2826126:CharlesIC",
            "role": "maintainer",
            "team_id": "2826126",
            "username": "CharlesIC"
          }
        }
      ]
    },
    {
      "module": "module.user_benjamin_mortimer",
      "mode": "managed",
      "type": "github_team_membership",
      "name": "team_membership",
      "each": "list",
      "provider": "provider.github",
      "instances": [
        {
          "index_key": 0,
          "schema_version": 0,
          "attributes": {
            "etag": "W/\"a7f4c8eebb43cb280df8524b35862443\"",
            "id": "2826122:benjamin-mortimer",
            "role": "member",
            "team_id": "2826122",
            "username": "benjamin-mortimer"
          }
        },
        {
          "index_key": 1,
          "schema_version": 0,
          "attributes": {
            "etag": "W/\"437a37ba79741e6f93f121522067a59e\"",
            "id": "2826126:benjamin-mortimer",
            "role": "member",
            "team_id": "2826126",
            "username": "benjamin-mortimer"
          }
        }
      ]
    },
    {
      "module": "module.user_blairboy362",
      "mode": "managed",
      "type": "github_team_membership",
      "name": "team_membership",
      "each": "list",
      "provider": "provider.github",
      "instances": [
        {
          "index_key": 0,
          "schema_version": 0,
          "attributes": {
            "etag": "W/\"a199e1103a7b3f201789f38b4cade211\"",
            "id": "2826127:blairboy362",
            "role": "member",
            "team_id": "2826127",
            "username": "blairboy362"
          }
        }
      ]
    },
    {
      "module": "module.user_alexandergeegds",
      "mode": "managed",
      "type": "github_team_membership",
      "name": "team_membership",
      "each": "list",
      "provider": "provider.github",
      "instances": [
        {
          "index_key": 0,
          "schema_version": 0,
          "attributes": {
            "etag": "W/\"067740be2548a1eaa35a7dc2ce509d7a\"",
            "id": "2826122:alexandergeegds",
            "role": "member",
            "team_id": "2826122",
            "username": "alexandergeegds"
          }
        }
      ]
    },
    {
      "module": "module.user_johnwattsgds",
      "mode": "managed",
      "type": "github_team_membership",
      "name": "team_membership",
      "each": "list",
      "provider": "provider.github",
      "instances": [
        {
          "index_key": 0,
          "schema_version": 0,
          "attributes": {
            "etag": "W/\"eb5fb669fb352f203839c98fc31bdfa9\"",
            "id": "2826122:johnwattsgds",
            "role": "member",
            "team_id": "2826122",
            "username": "JohnWattsGDS"
          }
        },
        {
          "index_key": 1,
          "schema_version": 0,
          "attributes": {
            "etag": "W/\"59e2a75659af8f20cf9ab0d2cff26fa3\"",
            "id": "2826126:JohnWattsGDS",
            "role": "member",
            "team_id": "2826126",
            "username": "JohnWattsGDS"
          }
        }
      ]
    },
    {
      "module": "module.user_instantiator",
      "mode": "managed",
      "type": "github_team_membership",
      "name": "team_membership",
      "each": "list",
      "provider": "provider.github",
      "instances": [
        {
          "index_key": 0,
          "schema_version": 0,
          "attributes": {
            "etag": "W/\"7b5c69f0ca647bfd3ce03ada7812d0ad\"",
            "id": "2826122:instantiator",
            "role": "member",
            "team_id": "2826122",
            "username": "instantiator"
          }
        },
        {
          "index_key": 1,
          "schema_version": 0,
          "attributes": {
            "etag": "W/\"041e5dc69c0baf8564474ded79e91bfc\"",
            "id": "2826126:instantiator",
            "role": "member",
            "team_id": "2826126",
            "username": "instantiator"
          }
        }
      ]
    },
    {
      "module": "module.user_jkunle",
      "mode": "managed",
      "type": "github_team_membership",
      "name": "team_membership",
      "each": "list",
      "provider": "provider.github",
      "instances": [
        {
          "index_key": 0,
          "schema_version": 0,
          "attributes": {
            "etag": "W/\"de8d6b417d6f835d297867a85be52559\"",
            "id": "2826122:jkunle",
            "role": "member",
            "team_id": "2826122",
            "username": "jkunle"
          }
        }
      ]
    },
    {
      "module": "module.user_mrwilson",
      "mode": "managed",
      "type": "github_team_membership",
      "name": "team_membership",
      "each": "list",
      "provider": "provider.github",
      "instances": [
        {
          "index_key": 0,
          "schema_version": 0,
          "attributes": {
            "etag": "W/\"3df6d691fdb78be5d88b8388bed12cdf\"",
            "id": "2826122:mrwilson",
            "role": "member",
            "team_id": "2826122",
            "username": "mrwilson"
          }
        }
      ]
    },
    {
      "module": "module.user_rhowe_gds",
      "mode": "managed",
      "type": "github_team_membership",
      "name": "team_membership",
      "each": "list",
      "provider": "provider.github",
      "instances": [
        {
          "index_key": 0,
          "schema_version": 0,
          "attributes": {
            "etag": "W/\"6fa2082ae91a8cd7e9b7c85fbc87115f\"",
            "id": "2826122:rhowe-gds",
            "role": "member",
            "team_id": "2826122",
            "username": "rhowe-gds"
          },
          "private": "bnVsbA=="
        },
        {
          "index_key": 1,
          "schema_version": 0,
          "attributes": {
            "etag": "W/\"a99018e15f01a4316f1718a6f80966e8\"",
            "id": "2826127:rhowe-gds",
            "role": "member",
            "team_id": "2826127",
            "username": "rhowe-gds"
          },
          "private": "bnVsbA=="
        }
      ]
    },
    {
      "module": "module.user_ida_build_bot",
      "mode": "managed",
      "type": "github_team_membership",
      "name": "team_membership",
      "each": "list",
      "provider": "provider.github",
      "instances": [
        {
          "index_key": 0,
          "schema_version": 0,
          "attributes": {
            "etag": "W/\"4ed5cf7007ba7f7947427c801ae4aafa\"",
            "id": "2826122:ida-build-bot",
            "role": "member",
            "team_id": "2826122",
            "username": "ida-build-bot"
          }
        },
        {
          "index_key": 1,
          "schema_version": 0,
          "attributes": {
            "etag": "W/\"347fdfdb60ec7a5d201b371ae45a247d\"",
            "id": "2826126:ida-build-bot",
            "role": "member",
            "team_id": "2826126",
            "username": "ida-build-bot"
          }
        }
      ]
    },
    {
      "module": "module.user_dbes_gds",
      "mode": "managed",
      "type": "github_team_membership",
      "name": "team_membership",
      "each": "list",
      "provider": "provider.github",
      "instances": [
        {
          "index_key": 0,
          "schema_version": 0,
          "attributes": {
            "etag": "W/\"36e224b9832219e033d2bb51f927c3b9\"",
            "id": "2826122:dbes-gds",
            "role": "member",
            "team_id": "2826122",
            "username": "dbes-gds"
          }
        },
        {
          "index_key": 1,
          "schema_version": 0,
          "attributes": {
            "etag": "W/\"e61523d0a40fa7e2c9b44afd7612e475\"",
            "id": "2826126:dbes-gds",
            "role": "member",
            "team_id": "2826126",
            "username": "dbes-gds"
          }
        }
      ]
    },
    {
      "module": "module.user_todai88",
      "mode": "managed",
      "type": "github_team_membership",
      "name": "team_membership",
      "each": "list",
      "provider": "provider.github",
      "instances": [
        {
          "index_key": 0,
          "schema_version": 0,
          "attributes": {
            "etag": "W/\"f33efcafc3eb768c2a72eff079ce95b3\"",
            "id": "2826122:todai88",
            "role": "member",
            "team_id": "2826122",
            "username": "Todai88"
          }
        }
      ]
    },
    {
      "module": "module.user_mariaslo",
      "mode": "managed",
      "type": "github_team_membership",
      "name": "team_membership",
      "each": "list",
      "provider": "provider.github",
      "instances": [
        {
          "index_key": 0,
          "schema_version": 0,
          "attributes": {
            "etag": "W/\"793eff56202cdb1ae400e3fa31bc4fb7\"",
            "id": "2826122:Mariaslo",
            "role": "member",
            "team_id": "2826122",
            "username": "Mariaslo"
          }
        }
      ]
    },
    {
      "module": "module.user_mhussein_gds",
      "mode": "managed",
      "type": "github_team_membership",
      "name": "team_membership",
      "each": "list",
      "provider": "provider.github",
      "instances": [
        {
          "index_key": 0,
          "schema_version": 0,
          "attributes": {
            "etag": "W/\"fe22c34ed35715438b97fab0c696d4d4\"",
            "id": "2826122:mhussein-gds",
            "role": "member",
            "team_id": "2826122",
            "username": "mhussein-gds"
          }
        }
      ]
    },
    {
      "module": "module.user_idrop",
      "mode": "managed",
      "type": "github_team_membership",
      "name": "team_membership",
      "each": "list",
      "provider": "provider.github",
      "instances": [
        {
          "index_key": 0,
          "schema_version": 0,
          "attributes": {
            "etag": "W/\"e44f3b93b1d3840f3824aa293597cc11\"",
            "id": "2826122:idrop",
            "role": "member",
            "team_id": "2826122",
            "username": "idrop"
          }
        },
        {
          "index_key": 1,
          "schema_version": 0,
          "attributes": {
            "etag": "W/\"da7526f576ba26ce86b2e061b56f5d34\"",
            "id": "2826126:idrop",
            "role": "member",
            "team_id": "2826126",
            "username": "idrop"
          }
        }
      ]
    },
    {
      "module": "module.user_zilnhoj",
      "mode": "managed",
      "type": "github_team_membership",
      "name": "team_membership",
      "each": "list",
      "provider": "provider.github",
      "instances": [
        {
          "index_key": 0,
          "schema_version": 0,
          "attributes": {
            "etag": "W/\"68062a955c88a174cb3c66137a55cae1\"",
            "id": "2826122:zilnhoj",
            "role": "member",
            "team_id": "2826122",
            "username": "zilnhoj"
          }
        }
      ]
    },
    {
      "module": "module.user_rosa_fox",
      "mode": "managed",
      "type": "github_team_membership",
      "name": "team_membership",
      "each": "list",
      "provider": "provider.github",
      "instances": [
        {
          "index_key": 0,
          "schema_version": 0,
          "attributes": {
            "etag": "W/\"d1b8758679a682ec57f9a422da0d7e34\"",
            "id": "2826122:Rosa-Fox",
            "role": "member",
            "team_id": "2826122",
            "username": "Rosa-Fox"
          }
        }
      ]
    },
    {
      "module": "module.user_michaelabenyohai",
      "mode": "managed",
      "type": "github_team_membership",
      "name": "team_membership",
      "each": "list",
      "provider": "provider.github",
      "instances": [
        {
          "index_key": 0,
          "schema_version": 0,
          "attributes": {
            "etag": "W/\"4391ece17b1ae4e6184aa30062cef3ae\"",
            "id": "2826122:michaelabenyohai",
            "role": "maintainer",
            "team_id": "2826122",
            "username": "michaelabenyohai"
          }
        },
        {
          "index_key": 1,
          "schema_version": 0,
          "attributes": {
            "etag": "W/\"7155730de1fa835dc321e3ab9f392230\"",
            "id": "2826126:michaelabenyohai",
            "role": "maintainer",
            "team_id": "2826126",
            "username": "michaelabenyohai"
          }
        },
        {
          "index_key": 2,
          "schema_version": 0,
          "attributes": {
            "etag": "W/\"1d15476d4c3063be5e94016e6b0d7d04\"",
            "id": "2826127:michaelabenyohai",
            "role": "maintainer",
            "team_id": "2826127",
            "username": "michaelabenyohai"
          }
        }
      ]
    },
    {
      "module": "module.user_chrisclayson",
      "mode": "managed",
      "type": "github_team_membership",
      "name": "team_membership",
      "each": "list",
      "provider": "provider.github",
      "instances": [
        {
          "index_key": 0,
          "schema_version": 0,
          "attributes": {
            "etag": "W/\"1eeaf3493ed385f9fa8fd340c0a3c8cf\"",
            "id": "2826122:chrisclayson",
            "role": "member",
            "team_id": "2826122",
            "username": "chrisclayson"
          }
        }
      ]
    },
    {
      "module": "module.user_chris_wynne",
      "mode": "managed",
      "type": "github_team_membership",
      "name": "team_membership",
      "each": "list",
      "provider": "provider.github",
      "instances": [
        {
          "index_key": 0,
          "schema_version": 0,
          "attributes": {
            "etag": "W/\"824cba90bf93d9f1bd9e6e8a304f4c55\"",
            "id": "2826122:Wynndow",
            "role": "member",
            "team_id": "2826122",
            "username": "Wynndow"
          }
        },
        {
          "index_key": 1,
          "schema_version": 0,
          "attributes": {
            "etag": "W/\"fa1c339f4da7ab404b7d2952e2e45cc4\"",
            "id": "2826126:Wynndow",
            "role": "member",
            "team_id": "2826126",
            "username": "Wynndow"
          }
        }
      ]
    },
    {
      "module": "module.user_chrisholmes",
      "mode": "managed",
      "type": "github_team_membership",
      "name": "team_membership",
      "each": "list",
      "provider": "provider.github",
      "instances": [
        {
          "index_key": 0,
          "schema_version": 0,
          "attributes": {
            "etag": "W/\"e2601fbc7fc5b6c6154ffb6223c16c62\"",
            "id": "2826122:chrisholmes",
            "role": "maintainer",
            "team_id": "2826122",
            "username": "chrisholmes"
          }
        },
        {
          "index_key": 1,
          "schema_version": 0,
          "attributes": {
            "etag": "W/\"290a2ecceaa92e71938bb5ef4d881716\"",
            "id": "2826126:chrisholmes",
            "role": "maintainer",
            "team_id": "2826126",
            "username": "chrisholmes"
          }
        },
        {
          "index_key": 2,
          "schema_version": 0,
          "attributes": {
            "etag": "W/\"09440e5887870656e5ce3821a25cecf7\"",
            "id": "2826127:chrisholmes",
            "role": "maintainer",
            "team_id": "2826127",
            "username": "chrisholmes"
          }
        }
      ]
    },
    {
      "module": "module.user_mmhmm",
      "mode": "managed",
      "type": "github_team_membership",
      "name": "team_membership",
      "each": "list",
      "provider": "provider.github",
      "instances": [
        {
          "index_key": 0,
          "schema_version": 0,
          "attributes": {
            "etag": "W/\"f5ce9531c0bc21527db289262a273dd9\"",
            "id": "2826127:mmhmm",
            "role": "member",
            "team_id": "2826127",
            "username": "mmhmm"
          }
        }
      ]
    },
    {
      "module": "module.user_andy_paine",
      "mode": "managed",
      "type": "github_team_membership",
      "name": "team_membership",
      "each": "list",
      "provider": "provider.github",
      "instances": [
        {
          "index_key": 0,
          "schema_version": 0,
          "attributes": {
            "etag": "W/\"cea190cfebad31a6460756bdd4a3f881\"",
            "id": "2826122:andy-paine",
            "role": "member",
            "team_id": "2826122",
            "username": "andy-paine"
          },
          "private": "bnVsbA=="
        },
        {
          "index_key": 1,
          "schema_version": 0,
          "attributes": {
            "etag": "W/\"8b0543d9c08494db6514637adbf16662\"",
            "id": "2826127:andy-paine",
            "role": "member",
            "team_id": "2826127",
            "username": "andy-paine"
          },
          "private": "bnVsbA=="
        }
      ]
    },
    {
      "module": "module.user_racinghippo",
      "mode": "managed",
      "type": "github_team_membership",
      "name": "team_membership",
      "each": "list",
      "provider": "provider.github",
      "instances": [
        {
          "index_key": 0,
          "schema_version": 0,
          "attributes": {
            "etag": "W/\"e1d3896323827363b83f7e54feba293d\"",
            "id": "2826122:RacingHippo",
            "role": "member",
            "team_id": "2826122",
            "username": "RacingHippo"
          }
        }
      ]
    },
    {
      "module": "module.user_jhjava",
      "mode": "managed",
      "type": "github_team_membership",
      "name": "team_membership",
      "each": "list",
      "provider": "provider.github",
      "instances": [
        {
          "index_key": 0,
          "schema_version": 0,
          "attributes": {
            "etag": "W/\"d0a25a6d5e7e7032787e292812e662c5\"",
            "id": "2826122:JHjava",
            "role": "maintainer",
            "team_id": "2826122",
            "username": "JHjava"
          }
        },
        {
          "index_key": 1,
          "schema_version": 0,
          "attributes": {
            "etag": "W/\"fb48ed4090f466a359215dcdbd4f6b90\"",
            "id": "2826126:JHjava",
            "role": "maintainer",
            "team_id": "2826126",
            "username": "JHjava"
          }
        }
      ]
    },
    {
      "module": "module.user_nacnudus",
      "mode": "managed",
      "type": "github_team_membership",
      "name": "team_membership",
      "each": "list",
      "provider": "provider.github",
      "instances": [
        {
          "index_key": 0,
          "schema_version": 0,
          "attributes": {
            "etag": "W/\"996d5d06fedfb8ed9092148f4e681654\"",
            "id": "2826122:nacnudus",
            "role": "member",
            "team_id": "2826122",
            "username": "nacnudus"
          }
        }
      ]
    },
    {
      "module": "module.user_bjgill",
      "mode": "managed",
      "type": "github_team_membership",
      "name": "team_membership",
      "each": "list",
      "provider": "provider.github",
      "instances": [
        {
          "index_key": 0,
          "schema_version": 0,
          "attributes": {
            "etag": "W/\"7193c1ab90fd6d42e590b21e90b08fa5\"",
            "id": "2826122:bjgill",
            "role": "member",
            "team_id": "2826122",
            "username": "bjgill"
          }
        }
      ]
    },
    {
      "module": "module.user_coleni",
      "mode": "managed",
      "type": "github_team_membership",
      "name": "team_membership",
      "each": "list",
      "provider": "provider.github",
      "instances": [
        {
          "index_key": 0,
          "schema_version": 0,
          "attributes": {
            "etag": "W/\"454263a74925fc8cbb8d0e3688032b47\"",
            "id": "2826122:coleni",
            "role": "member",
            "team_id": "2826122",
            "username": "coleni"
          }
        }
      ]
    },
    {
      "module": "module.user_adityapahuja",
      "mode": "managed",
      "type": "github_team_membership",
      "name": "team_membership",
      "each": "list",
      "provider": "provider.github",
      "instances": [
        {
          "index_key": 0,
          "schema_version": 0,
          "attributes": {
            "etag": "W/\"b4f033a2f5e0097df98604589191809d\"",
            "id": "2826122:adityapahuja",
            "role": "member",
            "team_id": "2826122",
            "username": "adityapahuja"
          }
        },
        {
          "index_key": 1,
          "schema_version": 0,
          "attributes": {
            "etag": "W/\"1c4d54ef0a8532936e3628eebda5f4ac\"",
            "id": "2826127:adityapahuja",
            "role": "member",
            "team_id": "2826127",
            "username": "adityapahuja"
          }
        }
      ]
    },
    {
      "module": "module.user_thomasalanlee",
      "mode": "managed",
      "type": "github_team_membership",
      "name": "team_membership",
      "each": "list",
      "provider": "provider.github",
      "instances": [
        {
          "index_key": 0,
          "schema_version": 0,
          "attributes": {
            "etag": "W/\"c6ac8f7881d8602fe9eb06abe3dedaa2\"",
            "id": "2826122:thomasalanlee",
            "role": "maintainer",
            "team_id": "2826122",
            "username": "thomasalanlee"
          }
        },
        {
          "index_key": 1,
          "schema_version": 0,
          "attributes": {
            "etag": "W/\"a3a29e7b527656c4154350ac4434f06d\"",
            "id": "2826126:thomasalanlee",
            "role": "maintainer",
            "team_id": "2826126",
            "username": "thomasalanlee"
          }
        },
        {
          "index_key": 2,
          "schema_version": 0,
          "attributes": {
            "etag": "W/\"09d2eb84f4c2cca98295fd2477dcab22\"",
            "id": "2826127:thomasalanlee",
            "role": "maintainer",
            "team_id": "2826127",
            "username": "thomasalanlee"
          }
        }
      ]
    },
    {
      "module": "module.user_gdsnewt",
      "mode": "managed",
      "type": "github_team_membership",
      "name": "team_membership",
      "each": "list",
      "provider": "provider.github",
      "instances": [
        {
          "index_key": 0,
          "schema_version": 0,
          "attributes": {
            "etag": "W/\"04e9514506d820e84e965bc72472ece9\"",
            "id": "2826122:GDSNewt",
            "role": "member",
            "team_id": "2826122",
            "username": "GDSNewt"
          }
        }
      ]
    },
    {
      "module": "module.user_idacodacybot",
      "mode": "managed",
      "type": "github_team_membership",
      "name": "team_membership",
      "each": "list",
      "provider": "provider.github",
      "instances": [
        {
          "index_key": 0,
          "schema_version": 0,
          "attributes": {
            "etag": "W/\"e35036dcd840ffa7fe205c204a4c0e6b\"",
            "id": "2826122:ida-codacy-bot",
            "role": "member",
            "team_id": "2826122",
            "username": "ida-codacy-bot"
          }
        },
        {
          "index_key": 1,
          "schema_version": 0,
          "attributes": {
            "etag": "W/\"19056d838c35a46f15ecb39be5a28897\"",
            "id": "2826126:ida-codacy-bot",
            "role": "member",
            "team_id": "2826126",
            "username": "ida-codacy-bot"
          }
        }
      ]
    },
    {
      "module": "module.user_robinmitra",
      "mode": "managed",
      "type": "github_team_membership",
      "name": "team_membership",
      "each": "list",
      "provider": "provider.github",
      "instances": [
        {
          "index_key": 0,
          "schema_version": 0,
          "attributes": {
            "etag": "W/\"aaad70819c36ce8f44dbd1ad5946f41a\"",
            "id": "2826122:robinmitra",
            "role": "member",
            "team_id": "2826122",
            "username": "robinmitra"
          }
        }
      ]
    },
    {
      "module": "module.user_kerrr",
      "mode": "managed",
      "type": "github_team_membership",
      "name": "team_membership",
      "each": "list",
      "provider": "provider.github",
      "instances": [
        {
          "index_key": 0,
          "schema_version": 0,
          "attributes": {
            "etag": "W/\"8d90469f13a5ddb4a16f51ac64ef3a9e\"",
            "id": "2826122:kerrr",
            "role": "member",
            "team_id": "2826122",
            "username": "kerrr"
          }
        }
      ]
    },
    {
      "module": "module.user_tomrosier",
      "mode": "managed",
      "type": "github_team_membership",
      "name": "team_membership",
      "each": "list",
      "provider": "provider.github",
      "instances": [
        {
          "index_key": 0,
          "schema_version": 0,
          "attributes": {
            "etag": "W/\"346221d222ff20b3d5eeecb7399ef823\"",
            "id": "2826122:tomrosier",
            "role": "member",
            "team_id": "2826122",
            "username": "tomrosier"
          }
        },
        {
          "index_key": 1,
          "schema_version": 0,
          "attributes": {
            "etag": "W/\"ccfa4e20be17aa6ea0441b73e2751947\"",
            "id": "2826126:tomrosier",
            "role": "member",
            "team_id": "2826126",
            "username": "tomrosier"
          }
        }
      ]
    },
    {
      "module": "module.user_bravegrape",
      "mode": "managed",
      "type": "github_team_membership",
      "name": "team_membership",
      "each": "list",
      "provider": "provider.github",
      "instances": [
        {
          "index_key": 0,
          "schema_version": 0,
          "attributes": {
            "etag": "W/\"b715bce6a16fa0a34ecde093e0e5be9c\"",
            "id": "2826122:bravegrape",
            "role": "member",
            "team_id": "2826122",
            "username": "bravegrape"
          }
        }
      ]
    },
    {
      "module": "module.user_jstandring_gds",
      "mode": "managed",
      "type": "github_team_membership",
      "name": "team_membership",
      "each": "list",
      "provider": "provider.github",
      "instances": [
        {
          "index_key": 0,
          "schema_version": 0,
          "attributes": {
            "etag": "W/\"8fd5e74ceefce888894710ca1df585f7\"",
            "id": "2826127:jstandring-gds",
            "role": "member",
            "team_id": "2826127",
            "username": "jstandring-gds"
          }
        }
      ]
    },
    {
      "module": "module.user_issyl0",
      "mode": "managed",
      "type": "github_team_membership",
      "name": "team_membership",
      "each": "list",
      "provider": "provider.github",
      "instances": [
        {
          "index_key": 0,
          "schema_version": 0,
          "attributes": {
            "etag": "W/\"a1ab3e09cfe32b12faa7072928804f47\"",
            "id": "2826122:issyl0",
            "role": "member",
            "team_id": "2826122",
            "username": "issyl0"
          },
          "private": "bnVsbA=="
        },
        {
          "index_key": 1,
          "schema_version": 0,
          "attributes": {
            "etag": "W/\"d5b1060b7b65240bf93beaf50d795473\"",
            "id": "2826127:issyl0",
            "role": "member",
            "team_id": "2826127",
            "username": "issyl0"
          },
          "private": "bnVsbA=="
        }
      ]
    },
    {
      "module": "module.user_brenetic",
      "mode": "managed",
      "type": "github_team_membership",
      "name": "team_membership",
      "each": "list",
      "provider": "provider.github",
      "instances": [
        {
          "index_key": 0,
          "schema_version": 0,
          "attributes": {
            "etag": "W/\"5a5ffcb74eb29fc3f201fd3d30606910\"",
            "id": "2826122:brenetic",
            "role": "maintainer",
            "team_id": "2826122",
            "username": "brenetic"
          }
        }
      ]
    },
    {
      "module": "module.user_tlwr",
      "mode": "managed",
      "type": "github_team_membership",
      "name": "team_membership",
      "each": "list",
      "provider": "provider.github",
      "instances": [
        {
          "index_key": 0,
          "schema_version": 0,
          "attributes": {
            "etag": "W/\"65ccdfacde6df88aa34e62436c5f51f4\"",
            "id": "2826122:tlwr",
            "role": "member",
            "team_id": "2826122",
            "username": "tlwr"
          },
          "private": "bnVsbA=="
        },
        {
          "index_key": 1,
          "schema_version": 0,
          "attributes": {
            "etag": "W/\"9f0e43827743f54e682de99eb132a3e5\"",
            "id": "2826127:tlwr",
            "role": "member",
            "team_id": "2826127",
            "username": "tlwr"
          },
          "private": "bnVsbA=="
        }
      ]
    },
    {
      "module": "module.user_ronocg",
      "mode": "managed",
      "type": "github_team_membership",
      "name": "team_membership",
      "each": "list",
      "provider": "provider.github",
      "instances": [
        {
          "index_key": 0,
          "schema_version": 0,
          "attributes": {
            "etag": "W/\"fa23501f379f7e8c0dc5787f9742aebb\"",
            "id": "2826122:ronocg",
            "role": "member",
            "team_id": "2826122",
            "username": "ronocg"
          }
        }
      ]
    },
    {
      "module": "module.user_alan_gds",
      "mode": "managed",
      "type": "github_team_membership",
      "name": "team_membership",
      "each": "list",
      "provider": "provider.github",
      "instances": [
        {
          "index_key": 0,
          "schema_version": 0,
          "attributes": {
            "etag": "W/\"7f93c062da51ef9223456d956e823dfd\"",
            "id": "2826122:alan-gds",
            "role": "member",
            "team_id": "2826122",
            "username": "alan-gds"
          }
        }
      ]
    },
    {
      "module": "module.user_annecarr",
      "mode": "managed",
      "type": "github_team_membership",
      "name": "team_membership",
      "each": "list",
      "provider": "provider.github",
      "instances": [
        {
          "index_key": 0,
          "schema_version": 0,
          "attributes": {
            "etag": "W/\"4d0ca65535efc19d4bfffaa0377ed143\"",
            "id": "2826122:AnneCarr",
            "role": "member",
            "team_id": "2826122",
            "username": "AnneCarr"
          }
        }
      ]
    },
    {
      "module": "module.user_galund",
      "mode": "managed",
      "type": "github_team_membership",
      "name": "team_membership",
      "each": "list",
      "provider": "provider.github",
      "instances": [
        {
          "index_key": 0,
          "schema_version": 0,
          "attributes": {
            "etag": "W/\"be64aab41c9400d5f9aa21722a7f3dba\"",
            "id": "2826122:galund",
            "role": "member",
            "team_id": "2826122",
            "username": "galund"
          }
        }
      ]
    },
    {
      "module": "module.user_philandstuff",
      "mode": "managed",
      "type": "github_team_membership",
      "name": "team_membership",
      "each": "list",
      "provider": "provider.github",
      "instances": [
        {
          "index_key": 0,
          "schema_version": 0,
          "attributes": {
            "etag": "W/\"19878402d8cfd93ec703daba6dc0e62d\"",
            "id": "2826122:philandstuff",
            "role": "member",
            "team_id": "2826122",
            "username": "philandstuff"
          },
          "private": "bnVsbA=="
        },
        {
          "index_key": 1,
          "schema_version": 0,
          "attributes": {
            "etag": "W/\"9ab726bd54f7f2c3f5309de8258f80a8\"",
            "id": "2826127:philandstuff",
            "role": "member",
            "team_id": "2826127",
            "username": "philandstuff"
          },
          "private": "bnVsbA=="
        }
      ]
    },
    {
      "module": "module.user_alex_monk",
      "mode": "managed",
      "type": "github_team_membership",
      "name": "tech_team_approver",
      "each": "list",
      "provider": "provider.github",
      "instances": [
        {
          "index_key": 0,
          "schema_version": 0,
          "attributes": {
            "etag": "W/\"f608fdbfa745b98e7c3a42144841195a\"",
            "id": "3101758:Krenair",
            "role": "member",
            "team_id": "3101758",
            "username": "Krenair"
          },
          "depends_on": [
            "data.github_team.approvers_team"
          ]
        }
      ]
    },
    {
      "module": "module.user_amritsidhu",
      "mode": "managed",
      "type": "github_team_membership",
      "name": "tech_team_approver",
      "each": "list",
      "provider": "provider.github",
      "instances": [
        {
          "index_key": 0,
          "schema_version": 0,
          "attributes": {
            "etag": "W/\"24e5f66ed5b8eb3fdefc3d30ca60c16c\"",
            "id": "3101758:AmritSidhu",
            "role": "member",
            "team_id": "3101758",
            "username": "AmritSidhu"
          },
          "depends_on": [
            "data.github_team.approvers_team"
          ]
        }
      ]
    },
    {
      "module": "module.user_szd55gds",
      "mode": "managed",
      "type": "github_team_membership",
      "name": "tech_team_approver",
      "each": "list",
      "provider": "provider.github",
      "instances": [
        {
          "index_key": 0,
          "schema_version": 0,
          "attributes": {
            "etag": "W/\"0d882dd9192fc3d04e6172b2802aa3ea\"",
            "id": "3101758:szd55gds",
            "role": "member",
            "team_id": "3101758",
            "username": "szd55gds"
          },
          "depends_on": [
            "data.github_team.approvers_team"
          ]
        }
      ]
    },
    {
      "module": "module.user_danielblair",
      "mode": "managed",
      "type": "github_team_membership",
      "name": "tech_team_approver",
      "each": "list",
      "provider": "provider.github",
      "instances": [
        {
          "index_key": 0,
          "schema_version": 0,
          "attributes": {
            "etag": "W/\"b595081f184e7cf269f22f2e67fa8460\"",
            "id": "3101758:blairboy362",
            "role": "member",
            "team_id": "3101758",
            "username": "blairboy362"
          },
          "depends_on": [
            "data.github_team.approvers_team"
          ]
        }
      ]
    },
    {
      "module": "module.user_j_maynard",
      "mode": "managed",
      "type": "github_team_membership",
      "name": "tech_team_approver",
      "each": "list",
      "provider": "provider.github",
      "instances": []
    },
    {
      "module": "module.user_smford",
      "mode": "managed",
      "type": "github_team_membership",
      "name": "tech_team_approver",
      "each": "list",
      "provider": "provider.github",
      "instances": [
        {
          "index_key": 0,
          "schema_version": 0,
          "attributes": {
            "etag": "W/\"83caae49fa3464a1ea32eb3f1e1ce5e9\"",
            "id": "3101758:smford",
            "role": "member",
            "team_id": "3101758",
            "username": "smford"
          },
          "private": "bnVsbA==",
          "depends_on": [
            "data.github_team.approvers_team"
          ]
        }
      ]
    },
    {
      "module": "module.user_sarahdean",
      "mode": "managed",
      "type": "github_team_membership",
      "name": "tech_team_approver",
      "each": "list",
      "provider": "provider.github",
      "instances": []
    },
    {
      "module": "module.user_sakisv",
      "mode": "managed",
      "type": "github_team_membership",
      "name": "tech_team_approver",
      "each": "list",
      "provider": "provider.github",
      "instances": [
        {
          "index_key": 0,
          "schema_version": 0,
          "attributes": {
            "etag": "W/\"ab694e2a9933d74c9bdd392cfba8cb47\"",
            "id": "3101758:sakisv",
            "role": "member",
            "team_id": "3101758",
            "username": "sakisv"
          },
          "depends_on": [
            "data.github_team.approvers_team"
          ]
        }
      ]
    },
    {
      "module": "module.user_jakubmiarka",
      "mode": "managed",
      "type": "github_team_membership",
      "name": "tech_team_approver",
      "each": "list",
      "provider": "provider.github",
      "instances": [
        {
          "index_key": 0,
          "schema_version": 0,
          "attributes": {
            "etag": "W/\"cf8550759ad332a25640e6aaf9be137a\"",
            "id": "3101758:jakubmiarka",
            "role": "member",
            "team_id": "3101758",
            "username": "jakubmiarka"
          },
          "private": "bnVsbA==",
          "depends_on": [
            "data.github_team.approvers_team"
          ]
        }
      ]
    },
    {
      "module": "module.user_charlesic",
      "mode": "managed",
      "type": "github_team_membership",
      "name": "tech_team_approver",
      "each": "list",
      "provider": "provider.github",
      "instances": [
        {
          "index_key": 0,
          "schema_version": 0,
          "attributes": {
            "etag": "W/\"98f1409dbfe6a3699746f6871d868d05\"",
            "id": "3101758:CharlesIC",
            "role": "member",
            "team_id": "3101758",
            "username": "CharlesIC"
          },
          "private": "bnVsbA==",
          "depends_on": [
            "data.github_team.approvers_team"
          ]
        }
      ]
    },
    {
      "module": "module.user_benjamin_mortimer",
      "mode": "managed",
      "type": "github_team_membership",
      "name": "tech_team_approver",
      "each": "list",
      "provider": "provider.github",
      "instances": []
    },
    {
      "module": "module.user_blairboy362",
      "mode": "managed",
      "type": "github_team_membership",
      "name": "tech_team_approver",
      "each": "list",
      "provider": "provider.github",
      "instances": [
        {
          "index_key": 0,
          "schema_version": 0,
          "attributes": {
            "etag": "W/\"b595081f184e7cf269f22f2e67fa8460\"",
            "id": "3101758:blairboy362",
            "role": "member",
            "team_id": "3101758",
            "username": "blairboy362"
          },
          "depends_on": [
            "data.github_team.approvers_team"
          ]
        }
      ]
    },
    {
      "module": "module.user_alexandergeegds",
      "mode": "managed",
      "type": "github_team_membership",
      "name": "tech_team_approver",
      "each": "list",
      "provider": "provider.github",
      "instances": [
        {
          "index_key": 0,
          "schema_version": 0,
          "attributes": {
            "etag": "W/\"d912d977eb7868aeb956df869f358092\"",
            "id": "3101758:alexandergeegds",
            "role": "member",
            "team_id": "3101758",
            "username": "alexandergeegds"
          },
          "depends_on": [
            "data.github_team.approvers_team"
          ]
        }
      ]
    },
    {
      "module": "module.user_johnwattsgds",
      "mode": "managed",
      "type": "github_team_membership",
      "name": "tech_team_approver",
      "each": "list",
      "provider": "provider.github",
      "instances": [
        {
          "index_key": 0,
          "schema_version": 0,
          "attributes": {
            "etag": "W/\"18a25435f036cd0cd4470c779ccfea8a\"",
            "id": "3101758:JohnWattsGDS",
            "role": "member",
            "team_id": "3101758",
            "username": "JohnWattsGDS"
          },
          "depends_on": [
            "data.github_team.approvers_team"
          ]
        }
      ]
    },
    {
      "module": "module.user_instantiator",
      "mode": "managed",
      "type": "github_team_membership",
      "name": "tech_team_approver",
      "each": "list",
      "provider": "provider.github",
      "instances": []
    },
    {
      "module": "module.user_jkunle",
      "mode": "managed",
      "type": "github_team_membership",
      "name": "tech_team_approver",
      "each": "list",
      "provider": "provider.github",
      "instances": []
    },
    {
      "module": "module.user_mrwilson",
      "mode": "managed",
      "type": "github_team_membership",
      "name": "tech_team_approver",
      "each": "list",
      "provider": "provider.github",
      "instances": [
        {
          "index_key": 0,
          "schema_version": 0,
          "attributes": {
            "etag": "W/\"0b43bae51a0b9e622f25b090c2a1b7d0\"",
            "id": "3101758:mrwilson",
            "role": "member",
            "team_id": "3101758",
            "username": "mrwilson"
          },
          "depends_on": [
            "data.github_team.approvers_team"
          ]
        }
      ]
    },
    {
      "module": "module.user_rhowe_gds",
      "mode": "managed",
      "type": "github_team_membership",
      "name": "tech_team_approver",
      "each": "list",
      "provider": "provider.github",
      "instances": [
        {
          "index_key": 0,
          "schema_version": 0,
          "attributes": {
            "etag": "W/\"4fc6a1a8d25ab83b3386ab40aed31515\"",
            "id": "3101758:rhowe-gds",
            "role": "member",
            "team_id": "3101758",
            "username": "rhowe-gds"
          },
          "private": "bnVsbA==",
          "depends_on": [
            "data.github_team.approvers_team"
          ]
        }
      ]
    },
    {
      "module": "module.user_ida_build_bot",
      "mode": "managed",
      "type": "github_team_membership",
      "name": "tech_team_approver",
      "each": "list",
      "provider": "provider.github",
      "instances": []
    },
    {
      "module": "module.user_dbes_gds",
      "mode": "managed",
      "type": "github_team_membership",
      "name": "tech_team_approver",
      "each": "list",
      "provider": "provider.github",
      "instances": [
        {
          "index_key": 0,
          "schema_version": 0,
          "attributes": {
            "etag": "W/\"1cb7fb81b85c04caf617531035b2911b\"",
            "id": "3101758:dbes-gds",
            "role": "member",
            "team_id": "3101758",
            "username": "dbes-gds"
          },
          "depends_on": [
            "data.github_team.approvers_team"
          ]
        }
      ]
    },
    {
      "module": "module.user_todai88",
      "mode": "managed",
      "type": "github_team_membership",
      "name": "tech_team_approver",
      "each": "list",
      "provider": "provider.github",
      "instances": []
    },
    {
      "module": "module.user_mariaslo",
      "mode": "managed",
      "type": "github_team_membership",
      "name": "tech_team_approver",
      "each": "list",
      "provider": "provider.github",
      "instances": []
    },
    {
      "module": "module.user_mhussein_gds",
      "mode": "managed",
      "type": "github_team_membership",
      "name": "tech_team_approver",
      "each": "list",
      "provider": "provider.github",
      "instances": [
        {
          "index_key": 0,
          "schema_version": 0,
          "attributes": {
            "etag": "W/\"0128bde322fdb08aa2b6aabf6ed9f643\"",
            "id": "3101758:mhussein-gds",
            "role": "member",
            "team_id": "3101758",
            "username": "mhussein-gds"
          },
          "depends_on": [
            "data.github_team.approvers_team"
          ]
        }
      ]
    },
    {
      "module": "module.user_idrop",
      "mode": "managed",
      "type": "github_team_membership",
      "name": "tech_team_approver",
      "each": "list",
      "provider": "provider.github",
      "instances": [
        {
          "index_key": 0,
          "schema_version": 0,
          "attributes": {
            "etag": "W/\"f323c281077d64936ab39833067c2e6c\"",
            "id": "3101758:idrop",
            "role": "member",
            "team_id": "3101758",
            "username": "idrop"
          },
          "depends_on": [
            "data.github_team.approvers_team"
          ]
        }
      ]
    },
    {
      "module": "module.user_zilnhoj",
      "mode": "managed",
      "type": "github_team_membership",
      "name": "tech_team_approver",
      "each": "list",
      "provider": "provider.github",
      "instances": []
    },
    {
      "module": "module.user_rosa_fox",
      "mode": "managed",
      "type": "github_team_membership",
      "name": "tech_team_approver",
      "each": "list",
      "provider": "provider.github",
      "instances": [
        {
          "index_key": 0,
          "schema_version": 0,
          "attributes": {
            "etag": "W/\"c9579f062d63aa260c4b23842a5055f0\"",
            "id": "3101758:Rosa-Fox",
            "role": "member",
            "team_id": "3101758",
            "username": "Rosa-Fox"
          },
          "depends_on": [
            "data.github_team.approvers_team"
          ]
        }
      ]
    },
    {
      "module": "module.user_michaelabenyohai",
      "mode": "managed",
      "type": "github_team_membership",
      "name": "tech_team_approver",
      "each": "list",
      "provider": "provider.github",
      "instances": [
        {
          "index_key": 0,
          "schema_version": 0,
          "attributes": {
            "etag": "W/\"62f25b650bea7ffe4a78e4b0f171b2c1\"",
            "id": "3101758:michaelabenyohai",
            "role": "member",
            "team_id": "3101758",
            "username": "michaelabenyohai"
          },
          "private": "bnVsbA==",
          "depends_on": [
            "data.github_team.approvers_team"
          ]
        }
      ]
    },
    {
      "module": "module.user_chrisclayson",
      "mode": "managed",
      "type": "github_team_membership",
      "name": "tech_team_approver",
      "each": "list",
      "provider": "provider.github",
      "instances": [
        {
          "index_key": 0,
          "schema_version": 0,
          "attributes": {
            "etag": "W/\"9e4acbd62f89f4094d42313444d65bb3\"",
            "id": "3101758:chrisclayson",
            "role": "member",
            "team_id": "3101758",
            "username": "chrisclayson"
          },
          "depends_on": [
            "data.github_team.approvers_team"
          ]
        }
      ]
    },
    {
      "module": "module.user_chris_wynne",
      "mode": "managed",
      "type": "github_team_membership",
      "name": "tech_team_approver",
      "each": "list",
      "provider": "provider.github",
      "instances": [
        {
          "index_key": 0,
          "schema_version": 0,
          "attributes": {
            "etag": "W/\"346d3b7b73a97cceb853120847298b6b\"",
            "id": "3101758:Wynndow",
            "role": "member",
            "team_id": "3101758",
            "username": "Wynndow"
          },
          "depends_on": [
            "data.github_team.approvers_team"
          ]
        }
      ]
    },
    {
      "module": "module.user_chrisholmes",
      "mode": "managed",
      "type": "github_team_membership",
      "name": "tech_team_approver",
      "each": "list",
      "provider": "provider.github",
      "instances": [
        {
          "index_key": 0,
          "schema_version": 0,
          "attributes": {
            "etag": "W/\"b5e278d4956db68e4e1c49b2c5f67dfb\"",
            "id": "3101758:chrisholmes",
            "role": "member",
            "team_id": "3101758",
            "username": "chrisholmes"
          },
          "private": "bnVsbA==",
          "depends_on": [
            "data.github_team.approvers_team"
          ]
        }
      ]
    },
    {
      "module": "module.user_mmhmm",
      "mode": "managed",
      "type": "github_team_membership",
      "name": "tech_team_approver",
      "each": "list",
      "provider": "provider.github",
      "instances": [
        {
          "index_key": 0,
          "schema_version": 0,
          "attributes": {
            "etag": "W/\"c6b05083791e9d651ba654fe449dbf01\"",
            "id": "3101758:mmhmm",
            "role": "member",
            "team_id": "3101758",
            "username": "mmhmm"
          },
          "depends_on": [
            "data.github_team.approvers_team"
          ]
        }
      ]
    },
    {
      "module": "module.user_andy_paine",
      "mode": "managed",
      "type": "github_team_membership",
      "name": "tech_team_approver",
      "each": "list",
      "provider": "provider.github",
      "instances": [
        {
          "index_key": 0,
          "schema_version": 0,
          "attributes": {
            "etag": "W/\"c3d892c99779de22b0fb67fb7e54ad67\"",
            "id": "3101758:andy-paine",
            "role": "member",
            "team_id": "3101758",
            "username": "andy-paine"
          },
          "private": "bnVsbA==",
          "depends_on": [
            "data.github_team.approvers_team"
          ]
        }
      ]
    },
    {
      "module": "module.user_racinghippo",
      "mode": "managed",
      "type": "github_team_membership",
      "name": "tech_team_approver",
      "each": "list",
      "provider": "provider.github",
      "instances": []
    },
    {
      "module": "module.user_jhjava",
      "mode": "managed",
      "type": "github_team_membership",
      "name": "tech_team_approver",
      "each": "list",
      "provider": "provider.github",
      "instances": [
        {
          "index_key": 0,
          "schema_version": 0,
          "attributes": {
            "etag": "W/\"f5d726eabbcdcb96664ea2d3584e6397\"",
            "id": "3101758:JHjava",
            "role": "member",
            "team_id": "3101758",
            "username": "JHjava"
          },
          "private": "bnVsbA==",
          "depends_on": [
            "data.github_team.approvers_team"
          ]
        }
      ]
    },
    {
      "module": "module.user_nacnudus",
      "mode": "managed",
      "type": "github_team_membership",
      "name": "tech_team_approver",
      "each": "list",
      "provider": "provider.github",
      "instances": []
    },
    {
      "module": "module.user_bjgill",
      "mode": "managed",
      "type": "github_team_membership",
      "name": "tech_team_approver",
      "each": "list",
      "provider": "provider.github",
      "instances": [
        {
          "index_key": 0,
          "schema_version": 0,
          "attributes": {
            "etag": "W/\"9903b44c5571d132943056725cf08d96\"",
            "id": "3101758:bjgill",
            "role": "member",
            "team_id": "3101758",
            "username": "bjgill"
          },
          "depends_on": [
            "data.github_team.approvers_team"
          ]
        }
      ]
    },
    {
      "module": "module.user_coleni",
      "mode": "managed",
      "type": "github_team_membership",
      "name": "tech_team_approver",
      "each": "list",
      "provider": "provider.github",
      "instances": []
    },
    {
      "module": "module.user_adityapahuja",
      "mode": "managed",
      "type": "github_team_membership",
      "name": "tech_team_approver",
      "each": "list",
      "provider": "provider.github",
      "instances": [
        {
          "index_key": 0,
          "schema_version": 0,
          "attributes": {
            "etag": "W/\"093c585682a90f75640b70148cf6999f\"",
            "id": "3101758:adityapahuja",
            "role": "member",
            "team_id": "3101758",
            "username": "adityapahuja"
          },
          "depends_on": [
            "data.github_team.approvers_team"
          ]
        }
      ]
    },
    {
      "module": "module.user_thomasalanlee",
      "mode": "managed",
      "type": "github_team_membership",
      "name": "tech_team_approver",
      "each": "list",
      "provider": "provider.github",
      "instances": [
        {
          "index_key": 0,
          "schema_version": 0,
          "attributes": {
            "etag": "W/\"e9afd9f5c937c3d306115570e4e4940f\"",
            "id": "3101758:thomasalanlee",
            "role": "member",
            "team_id": "3101758",
            "username": "thomasalanlee"
          },
          "private": "bnVsbA==",
          "depends_on": [
            "data.github_team.approvers_team"
          ]
        }
      ]
    },
    {
      "module": "module.user_gdsnewt",
      "mode": "managed",
      "type": "github_team_membership",
      "name": "tech_team_approver",
      "each": "list",
      "provider": "provider.github",
      "instances": []
    },
    {
      "module": "module.user_idacodacybot",
      "mode": "managed",
      "type": "github_team_membership",
      "name": "tech_team_approver",
      "each": "list",
      "provider": "provider.github",
      "instances": []
    },
    {
      "module": "module.user_robinmitra",
      "mode": "managed",
      "type": "github_team_membership",
      "name": "tech_team_approver",
      "each": "list",
      "provider": "provider.github",
      "instances": [
        {
          "index_key": 0,
          "schema_version": 0,
          "attributes": {
            "etag": "W/\"46efecf95e6b73dc33868c88fdedadbc\"",
            "id": "3101758:robinmitra",
            "role": "member",
            "team_id": "3101758",
            "username": "robinmitra"
          },
          "depends_on": [
            "data.github_team.approvers_team"
          ]
        }
      ]
    },
    {
      "module": "module.user_kerrr",
      "mode": "managed",
      "type": "github_team_membership",
      "name": "tech_team_approver",
      "each": "list",
      "provider": "provider.github",
      "instances": [
        {
          "index_key": 0,
          "schema_version": 0,
          "attributes": {
            "etag": "W/\"156877f3743f3c613b3f55d3e98da7e6\"",
            "id": "3101758:kerrr",
            "role": "member",
            "team_id": "3101758",
            "username": "kerrr"
          },
          "depends_on": [
            "data.github_team.approvers_team"
          ]
        }
      ]
    },
    {
      "module": "module.user_tomrosier",
      "mode": "managed",
      "type": "github_team_membership",
      "name": "tech_team_approver",
      "each": "list",
      "provider": "provider.github",
      "instances": [
        {
          "index_key": 0,
          "schema_version": 0,
          "attributes": {
            "etag": "W/\"c929615d8da1a2786c6e95fbfe58eb24\"",
            "id": "3101758:tomrosier",
            "role": "member",
            "team_id": "3101758",
            "username": "tomrosier"
          },
          "depends_on": [
            "data.github_team.approvers_team"
          ]
        }
      ]
    },
    {
      "module": "module.user_bravegrape",
      "mode": "managed",
      "type": "github_team_membership",
      "name": "tech_team_approver",
      "each": "list",
      "provider": "provider.github",
      "instances": [
        {
          "index_key": 0,
          "schema_version": 0,
          "attributes": {
            "etag": "W/\"bd94edb2702560ecbbed26b08c9fde71\"",
            "id": "3101758:bravegrape",
            "role": "member",
            "team_id": "3101758",
            "username": "bravegrape"
          },
          "depends_on": [
            "data.github_team.approvers_team"
          ]
        }
      ]
    },
    {
      "module": "module.user_jstandring_gds",
      "mode": "managed",
      "type": "github_team_membership",
      "name": "tech_team_approver",
      "each": "list",
      "provider": "provider.github",
      "instances": [
        {
          "index_key": 0,
          "schema_version": 0,
          "attributes": {
            "etag": "W/\"6d1f511aaf61bcd040f2323e555b32c9\"",
            "id": "3101758:jstandring-gds",
            "role": "member",
            "team_id": "3101758",
            "username": "jstandring-gds"
          },
          "depends_on": [
            "data.github_team.approvers_team"
          ]
        }
      ]
    },
    {
      "module": "module.user_issyl0",
      "mode": "managed",
      "type": "github_team_membership",
      "name": "tech_team_approver",
      "each": "list",
      "provider": "provider.github",
      "instances": [
        {
          "index_key": 0,
          "schema_version": 0,
          "attributes": {
            "etag": "W/\"100a268e7e6f3bfeefeb3be0daec696b\"",
            "id": "3101758:issyl0",
            "role": "member",
            "team_id": "3101758",
            "username": "issyl0"
          },
          "private": "bnVsbA==",
          "depends_on": [
            "data.github_team.approvers_team"
          ]
        }
      ]
    },
    {
      "module": "module.user_brenetic",
      "mode": "managed",
      "type": "github_team_membership",
      "name": "tech_team_approver",
      "each": "list",
      "provider": "provider.github",
      "instances": [
        {
          "index_key": 0,
          "schema_version": 0,
          "attributes": {
            "etag": "W/\"23dcc8e687bc46775ac096d118bba978\"",
            "id": "3101758:brenetic",
            "role": "member",
            "team_id": "3101758",
            "username": "brenetic"
          },
          "private": "bnVsbA==",
          "depends_on": [
            "data.github_team.approvers_team"
          ]
        }
      ]
    },
    {
      "module": "module.user_tlwr",
      "mode": "managed",
      "type": "github_team_membership",
      "name": "tech_team_approver",
      "each": "list",
      "provider": "provider.github",
      "instances": [
        {
          "index_key": 0,
          "schema_version": 0,
          "attributes": {
            "etag": "W/\"322276d42d9d13dda39094c21a5058ca\"",
            "id": "3101758:tlwr",
            "role": "member",
            "team_id": "3101758",
            "username": "tlwr"
          },
          "private": "bnVsbA==",
          "depends_on": [
            "data.github_team.approvers_team"
          ]
        }
      ]
    },
    {
      "module": "module.user_ronocg",
      "mode": "managed",
      "type": "github_team_membership",
      "name": "tech_team_approver",
      "each": "list",
      "provider": "provider.github",
      "instances": [
        {
          "index_key": 0,
          "schema_version": 0,
          "attributes": {
            "etag": "W/\"06671b2a096161e43e98ac22fd0bc00f\"",
            "id": "3101758:ronocg",
            "role": "member",
            "team_id": "3101758",
            "username": "ronocg"
          },
          "depends_on": [
            "data.github_team.approvers_team"
          ]
        }
      ]
    },
    {
      "module": "module.user_alan_gds",
      "mode": "managed",
      "type": "github_team_membership",
      "name": "tech_team_approver",
      "each": "list",
      "provider": "provider.github",
      "instances": [
        {
          "index_key": 0,
          "schema_version": 0,
          "attributes": {
            "etag": "W/\"83f345d45116204b2074f44ad38a39b9\"",
            "id": "3101758:alan-gds",
            "role": "member",
            "team_id": "3101758",
            "username": "alan-gds"
          },
          "depends_on": [
            "data.github_team.approvers_team"
          ]
        }
      ]
    },
    {
      "module": "module.user_annecarr",
      "mode": "managed",
      "type": "github_team_membership",
      "name": "tech_team_approver",
      "each": "list",
      "provider": "provider.github",
      "instances": []
    },
    {
      "module": "module.user_galund",
      "mode": "managed",
      "type": "github_team_membership",
      "name": "tech_team_approver",
      "each": "list",
      "provider": "provider.github",
      "instances": [
        {
          "index_key": 0,
          "schema_version": 0,
          "attributes": {
            "etag": "W/\"8cda25e27eaa35de7f157757261ccb46\"",
            "id": "3101758:galund",
            "role": "member",
            "team_id": "3101758",
            "username": "galund"
          },
          "depends_on": [
            "data.github_team.approvers_team"
          ]
        }
      ]
    },
    {
      "module": "module.user_philandstuff",
      "mode": "managed",
      "type": "github_team_membership",
      "name": "tech_team_approver",
      "each": "list",
      "provider": "provider.github",
      "instances": [
        {
          "index_key": 0,
          "schema_version": 0,
          "attributes": {
            "etag": "W/\"81d515cbfde42bf6c77782bc7065319c\"",
            "id": "3101758:philandstuff",
            "role": "member",
            "team_id": "3101758",
            "username": "philandstuff"
          },
          "private": "bnVsbA==",
          "depends_on": [
            "data.github_team.approvers_team"
          ]
        }
      ]
    },
    {
      "module": "module.user_alex_monk",
      "mode": "managed",
      "type": "github_team_membership",
      "name": "tech_team_maintainer",
      "each": "list",
      "provider": "provider.github",
      "instances": []
    },
    {
      "module": "module.user_amritsidhu",
      "mode": "managed",
      "type": "github_team_membership",
      "name": "tech_team_maintainer",
      "each": "list",
      "provider": "provider.github",
      "instances": []
    },
    {
      "module": "module.user_szd55gds",
      "mode": "managed",
      "type": "github_team_membership",
      "name": "tech_team_maintainer",
      "each": "list",
      "provider": "provider.github",
      "instances": []
    },
    {
      "module": "module.user_danielblair",
      "mode": "managed",
      "type": "github_team_membership",
      "name": "tech_team_maintainer",
      "each": "list",
      "provider": "provider.github",
      "instances": []
    },
    {
      "module": "module.user_j_maynard",
      "mode": "managed",
      "type": "github_team_membership",
      "name": "tech_team_maintainer",
      "each": "list",
      "provider": "provider.github",
      "instances": []
    },
    {
      "module": "module.user_smford",
      "mode": "managed",
      "type": "github_team_membership",
      "name": "tech_team_maintainer",
      "each": "list",
      "provider": "provider.github",
      "instances": []
    },
    {
      "module": "module.user_sarahdean",
      "mode": "managed",
      "type": "github_team_membership",
      "name": "tech_team_maintainer",
      "each": "list",
      "provider": "provider.github",
      "instances": []
    },
    {
      "module": "module.user_sakisv",
      "mode": "managed",
      "type": "github_team_membership",
      "name": "tech_team_maintainer",
      "each": "list",
      "provider": "provider.github",
      "instances": []
    },
    {
      "module": "module.user_jakubmiarka",
      "mode": "managed",
      "type": "github_team_membership",
      "name": "tech_team_maintainer",
      "each": "list",
      "provider": "provider.github",
      "instances": [
        {
          "index_key": 0,
          "schema_version": 0,
          "attributes": {
            "etag": "W/\"29c6c406315bdefcd15390fe66ea08c3\"",
            "id": "2830432:jakubmiarka",
            "role": "maintainer",
            "team_id": "2830432",
            "username": "jakubmiarka"
          },
          "depends_on": [
            "data.github_team.tech_team"
          ]
        }
      ]
    },
    {
      "module": "module.user_charlesic",
      "mode": "managed",
      "type": "github_team_membership",
      "name": "tech_team_maintainer",
      "each": "list",
      "provider": "provider.github",
      "instances": [
        {
          "index_key": 0,
          "schema_version": 0,
          "attributes": {
            "etag": "W/\"8edbd089a49eb511f36f845fdd25f4e0\"",
            "id": "2830432:CharlesIC",
            "role": "maintainer",
            "team_id": "2830432",
            "username": "CharlesIC"
          },
          "depends_on": [
            "data.github_team.tech_team"
          ]
        }
      ]
    },
    {
      "module": "module.user_benjamin_mortimer",
      "mode": "managed",
      "type": "github_team_membership",
      "name": "tech_team_maintainer",
      "each": "list",
      "provider": "provider.github",
      "instances": []
    },
    {
      "module": "module.user_blairboy362",
      "mode": "managed",
      "type": "github_team_membership",
      "name": "tech_team_maintainer",
      "each": "list",
      "provider": "provider.github",
      "instances": []
    },
    {
      "module": "module.user_alexandergeegds",
      "mode": "managed",
      "type": "github_team_membership",
      "name": "tech_team_maintainer",
      "each": "list",
      "provider": "provider.github",
      "instances": []
    },
    {
      "module": "module.user_johnwattsgds",
      "mode": "managed",
      "type": "github_team_membership",
      "name": "tech_team_maintainer",
      "each": "list",
      "provider": "provider.github",
      "instances": []
    },
    {
      "module": "module.user_instantiator",
      "mode": "managed",
      "type": "github_team_membership",
      "name": "tech_team_maintainer",
      "each": "list",
      "provider": "provider.github",
      "instances": []
    },
    {
      "module": "module.user_jkunle",
      "mode": "managed",
      "type": "github_team_membership",
      "name": "tech_team_maintainer",
      "each": "list",
      "provider": "provider.github",
      "instances": []
    },
    {
      "module": "module.user_mrwilson",
      "mode": "managed",
      "type": "github_team_membership",
      "name": "tech_team_maintainer",
      "each": "list",
      "provider": "provider.github",
      "instances": []
    },
    {
      "module": "module.user_rhowe_gds",
      "mode": "managed",
      "type": "github_team_membership",
      "name": "tech_team_maintainer",
      "each": "list",
      "provider": "provider.github",
      "instances": []
    },
    {
      "module": "module.user_ida_build_bot",
      "mode": "managed",
      "type": "github_team_membership",
      "name": "tech_team_maintainer",
      "each": "list",
      "provider": "provider.github",
      "instances": []
    },
    {
      "module": "module.user_dbes_gds",
      "mode": "managed",
      "type": "github_team_membership",
      "name": "tech_team_maintainer",
      "each": "list",
      "provider": "provider.github",
      "instances": []
    },
    {
      "module": "module.user_todai88",
      "mode": "managed",
      "type": "github_team_membership",
      "name": "tech_team_maintainer",
      "each": "list",
      "provider": "provider.github",
      "instances": []
    },
    {
      "module": "module.user_mariaslo",
      "mode": "managed",
      "type": "github_team_membership",
      "name": "tech_team_maintainer",
      "each": "list",
      "provider": "provider.github",
      "instances": []
    },
    {
      "module": "module.user_mhussein_gds",
      "mode": "managed",
      "type": "github_team_membership",
      "name": "tech_team_maintainer",
      "each": "list",
      "provider": "provider.github",
      "instances": []
    },
    {
      "module": "module.user_idrop",
      "mode": "managed",
      "type": "github_team_membership",
      "name": "tech_team_maintainer",
      "each": "list",
      "provider": "provider.github",
      "instances": []
    },
    {
      "module": "module.user_zilnhoj",
      "mode": "managed",
      "type": "github_team_membership",
      "name": "tech_team_maintainer",
      "each": "list",
      "provider": "provider.github",
      "instances": []
    },
    {
      "module": "module.user_rosa_fox",
      "mode": "managed",
      "type": "github_team_membership",
      "name": "tech_team_maintainer",
      "each": "list",
      "provider": "provider.github",
      "instances": []
    },
    {
      "module": "module.user_michaelabenyohai",
      "mode": "managed",
      "type": "github_team_membership",
      "name": "tech_team_maintainer",
      "each": "list",
      "provider": "provider.github",
      "instances": [
        {
          "index_key": 0,
          "schema_version": 0,
          "attributes": {
            "etag": "W/\"7a57660ec362655de5258f5c98626187\"",
            "id": "2830432:michaelabenyohai",
            "role": "maintainer",
            "team_id": "2830432",
            "username": "michaelabenyohai"
          },
          "depends_on": [
            "data.github_team.tech_team"
          ]
        }
      ]
    },
    {
      "module": "module.user_chrisclayson",
      "mode": "managed",
      "type": "github_team_membership",
      "name": "tech_team_maintainer",
      "each": "list",
      "provider": "provider.github",
      "instances": []
    },
    {
      "module": "module.user_chris_wynne",
      "mode": "managed",
      "type": "github_team_membership",
      "name": "tech_team_maintainer",
      "each": "list",
      "provider": "provider.github",
      "instances": []
    },
    {
      "module": "module.user_chrisholmes",
      "mode": "managed",
      "type": "github_team_membership",
      "name": "tech_team_maintainer",
      "each": "list",
      "provider": "provider.github",
      "instances": [
        {
          "index_key": 0,
          "schema_version": 0,
          "attributes": {
            "etag": "W/\"6b5972897c482ff08978c712b0ee982a\"",
            "id": "2830432:chrisholmes",
            "role": "maintainer",
            "team_id": "2830432",
            "username": "chrisholmes"
          },
          "depends_on": [
            "data.github_team.tech_team"
          ]
        }
      ]
    },
    {
      "module": "module.user_mmhmm",
      "mode": "managed",
      "type": "github_team_membership",
      "name": "tech_team_maintainer",
      "each": "list",
      "provider": "provider.github",
      "instances": []
    },
    {
      "module": "module.user_andy_paine",
      "mode": "managed",
      "type": "github_team_membership",
      "name": "tech_team_maintainer",
      "each": "list",
      "provider": "provider.github",
      "instances": []
    },
    {
      "module": "module.user_racinghippo",
      "mode": "managed",
      "type": "github_team_membership",
      "name": "tech_team_maintainer",
      "each": "list",
      "provider": "provider.github",
      "instances": []
    },
    {
      "module": "module.user_jhjava",
      "mode": "managed",
      "type": "github_team_membership",
      "name": "tech_team_maintainer",
      "each": "list",
      "provider": "provider.github",
      "instances": [
        {
          "index_key": 0,
          "schema_version": 0,
          "attributes": {
            "etag": "W/\"91c9fc6407d559465c29a44f0b350e94\"",
            "id": "2830432:JHjava",
            "role": "maintainer",
            "team_id": "2830432",
            "username": "JHjava"
          },
          "depends_on": [
            "data.github_team.tech_team"
          ]
        }
      ]
    },
    {
      "module": "module.user_nacnudus",
      "mode": "managed",
      "type": "github_team_membership",
      "name": "tech_team_maintainer",
      "each": "list",
      "provider": "provider.github",
      "instances": []
    },
    {
      "module": "module.user_bjgill",
      "mode": "managed",
      "type": "github_team_membership",
      "name": "tech_team_maintainer",
      "each": "list",
      "provider": "provider.github",
      "instances": []
    },
    {
      "module": "module.user_coleni",
      "mode": "managed",
      "type": "github_team_membership",
      "name": "tech_team_maintainer",
      "each": "list",
      "provider": "provider.github",
      "instances": []
    },
    {
      "module": "module.user_adityapahuja",
      "mode": "managed",
      "type": "github_team_membership",
      "name": "tech_team_maintainer",
      "each": "list",
      "provider": "provider.github",
      "instances": []
    },
    {
      "module": "module.user_thomasalanlee",
      "mode": "managed",
      "type": "github_team_membership",
      "name": "tech_team_maintainer",
      "each": "list",
      "provider": "provider.github",
      "instances": [
        {
          "index_key": 0,
          "schema_version": 0,
          "attributes": {
            "etag": "W/\"0d08e9a39602356a163bb0a7167e7b61\"",
            "id": "2830432:thomasalanlee",
            "role": "maintainer",
            "team_id": "2830432",
            "username": "thomasalanlee"
          },
          "depends_on": [
            "data.github_team.tech_team"
          ]
        }
      ]
    },
    {
      "module": "module.user_gdsnewt",
      "mode": "managed",
      "type": "github_team_membership",
      "name": "tech_team_maintainer",
      "each": "list",
      "provider": "provider.github",
      "instances": []
    },
    {
      "module": "module.user_idacodacybot",
      "mode": "managed",
      "type": "github_team_membership",
      "name": "tech_team_maintainer",
      "each": "list",
      "provider": "provider.github",
      "instances": []
    },
    {
      "module": "module.user_robinmitra",
      "mode": "managed",
      "type": "github_team_membership",
      "name": "tech_team_maintainer",
      "each": "list",
      "provider": "provider.github",
      "instances": []
    },
    {
      "module": "module.user_kerrr",
      "mode": "managed",
      "type": "github_team_membership",
      "name": "tech_team_maintainer",
      "each": "list",
      "provider": "provider.github",
      "instances": []
    },
    {
      "module": "module.user_tomrosier",
      "mode": "managed",
      "type": "github_team_membership",
      "name": "tech_team_maintainer",
      "each": "list",
      "provider": "provider.github",
      "instances": []
    },
    {
      "module": "module.user_bravegrape",
      "mode": "managed",
      "type": "github_team_membership",
      "name": "tech_team_maintainer",
      "each": "list",
      "provider": "provider.github",
      "instances": []
    },
    {
      "module": "module.user_jstandring_gds",
      "mode": "managed",
      "type": "github_team_membership",
      "name": "tech_team_maintainer",
      "each": "list",
      "provider": "provider.github",
      "instances": []
    },
    {
      "module": "module.user_issyl0",
      "mode": "managed",
      "type": "github_team_membership",
      "name": "tech_team_maintainer",
      "each": "list",
      "provider": "provider.github",
      "instances": []
    },
    {
      "module": "module.user_brenetic",
      "mode": "managed",
      "type": "github_team_membership",
      "name": "tech_team_maintainer",
      "each": "list",
      "provider": "provider.github",
      "instances": [
        {
          "index_key": 0,
          "schema_version": 0,
          "attributes": {
            "etag": "W/\"6815acc4459661ce7f78fb0751f548b0\"",
            "id": "2830432:brenetic",
            "role": "maintainer",
            "team_id": "2830432",
            "username": "brenetic"
          },
          "depends_on": [
            "data.github_team.tech_team"
          ]
        }
      ]
    },
    {
      "module": "module.user_tlwr",
      "mode": "managed",
      "type": "github_team_membership",
      "name": "tech_team_maintainer",
      "each": "list",
      "provider": "provider.github",
      "instances": []
    },
    {
      "module": "module.user_ronocg",
      "mode": "managed",
      "type": "github_team_membership",
      "name": "tech_team_maintainer",
      "each": "list",
      "provider": "provider.github",
      "instances": []
    },
    {
      "module": "module.user_alan_gds",
      "mode": "managed",
      "type": "github_team_membership",
      "name": "tech_team_maintainer",
      "each": "list",
      "provider": "provider.github",
      "instances": []
    },
    {
      "module": "module.user_annecarr",
      "mode": "managed",
      "type": "github_team_membership",
      "name": "tech_team_maintainer",
      "each": "list",
      "provider": "provider.github",
      "instances": []
    },
    {
      "module": "module.user_galund",
      "mode": "managed",
      "type": "github_team_membership",
      "name": "tech_team_maintainer",
      "each": "list",
      "provider": "provider.github",
      "instances": []
    },
    {
      "module": "module.user_philandstuff",
      "mode": "managed",
      "type": "github_team_membership",
      "name": "tech_team_maintainer",
      "each": "list",
      "provider": "provider.github",
      "instances": []
    }
  ]
}
