{
    "version": 3,
    "terraform_version": "0.11.11",
    "serial": 167,
    "lineage": "7069a474-17af-c033-8243-ba2e55487134",
    "modules": [
        {
            "path": [
                "root"
            ],
            "outputs": {},
            "resources": {
                "data.github_team.core": {
                    "type": "github_team",
                    "depends_on": [],
                    "primary": {
                        "id": "2826122",
                        "attributes": {
                            "description": "Verify tech team: verify-tech-team-core",
                            "id": "2826122",
                            "members.#": "30",
                            "members.0": "idrop",
                            "members.1": "46bit",
                            "members.10": "zilnhoj",
                            "members.11": "vixus0",
                            "members.12": "robinmitra",
                            "members.13": "brenetic",
                            "members.14": "nacnudus",
                            "members.15": "CharlesIC",
                            "members.16": "jkunle",
                            "members.17": "sakisv",
                            "members.18": "mikieet",
                            "members.19": "Rosa-Fox",
                            "members.2": "galund",
                            "members.20": "AnneCarr",
                            "members.21": "ida-build-bot",
                            "members.22": "chrisclayson",
                            "members.23": "blairboy362",
                            "members.24": "Wynndow",
                            "members.25": "andy-paine",
                            "members.26": "tomrosier",
                            "members.27": "bjgill",
                            "members.28": "RacingHippo",
                            "members.29": "bravegrape",
                            "members.3": "issyl0",
                            "members.4": "phantas",
                            "members.5": "philandstuff",
                            "members.6": "chrisholmes",
                            "members.7": "thomasalanlee",
                            "members.8": "tlwr",
                            "members.9": "kerrr",
                            "name": "verify-tech-team-core",
                            "permission": "pull",
                            "privacy": "closed",
                            "slug": "verify-tech-team-core"
                        },
                        "meta": {},
                        "tainted": false
                    },
                    "deposed": [],
                    "provider": "provider.github"
                },
                "data.github_team.eidas": {
                    "type": "github_team",
                    "depends_on": [],
                    "primary": {
                        "id": "2826126",
                        "attributes": {
                            "description": "Verify tech team: verify-tech-team-eidas",
                            "id": "2826126",
                            "members.#": "13",
                            "members.0": "idrop",
                            "members.1": "chrisholmes",
                            "members.10": "JHjava",
                            "members.11": "dbes-gds",
                            "members.12": "ida-codacy-bot",
                            "members.2": "thomasalanlee",
                            "members.3": "vixus0",
                            "members.4": "CharlesIC",
                            "members.5": "ida-build-bot",
                            "members.6": "blairboy362",
                            "members.7": "Wynndow",
                            "members.8": "tomrosier",
                            "members.9": "benjamin-mortimer",
                            "name": "verify-tech-team-eidas",
                            "permission": "pull",
                            "privacy": "closed",
                            "slug": "verify-tech-team-eidas"
                        },
                        "meta": {},
                        "tainted": false
                    },
                    "deposed": [],
                    "provider": "provider.github"
                },
                "data.github_team.infrastructure": {
                    "type": "github_team",
                    "depends_on": [],
                    "primary": {
                        "id": "2826127",
                        "attributes": {
                            "description": "Verify tech team: verify-tech-team-infrastructure",
                            "id": "2826127",
                            "members.#": "18",
                            "members.0": "46bit",
                            "members.1": "issyl0",
                            "members.10": "smford",
                            "members.11": "blairboy362",
                            "members.12": "andy-paine",
                            "members.13": "jstandring-gds",
                            "members.14": "adityapahuja",
                            "members.15": "rhowe-gds",
                            "members.16": "matthewcullum-gds",
                            "members.17": "szd55gds",
                            "members.2": "philandstuff",
                            "members.3": "chrisholmes",
                            "members.4": "thomasalanlee",
                            "members.5": "mmhmm",
                            "members.6": "tlwr",
                            "members.7": "vixus0",
                            "members.8": "stephengrier",
                            "members.9": "ronocg",
                            "name": "verify-tech-team-infrastructure",
                            "permission": "pull",
                            "privacy": "closed",
                            "slug": "verify-tech-team-infrastructure"
                        },
                        "meta": {},
                        "tainted": false
                    },
                    "deposed": [],
                    "provider": "provider.github"
                }
            },
            "depends_on": []
        },
        {
            "path": [
                "root",
                "user_46bit"
            ],
            "outputs": {},
            "resources": {
                "data.github_team.approvers_team": {
                    "type": "github_team",
                    "depends_on": [],
                    "primary": {
                        "id": "3101758",
                        "attributes": {
                            "description": "Verify tech team: verify-tech-team-approvers",
                            "id": "3101758",
                            "members.#": "30",
                            "members.0": "idrop",
                            "members.1": "46bit",
                            "members.10": "kerrr",
                            "members.11": "vixus0",
                            "members.12": "robinmitra",
                            "members.13": "brenetic",
                            "members.14": "CharlesIC",
                            "members.15": "sakisv",
                            "members.16": "ronocg",
                            "members.17": "Rosa-Fox",
                            "members.18": "chrisclayson",
                            "members.19": "smford",
                            "members.2": "galund",
                            "members.20": "blairboy362",
                            "members.21": "Wynndow",
                            "members.22": "andy-paine",
                            "members.23": "tomrosier",
                            "members.24": "bravegrape",
                            "members.25": "jstandring-gds",
                            "members.26": "mhussein-gds",
                            "members.27": "adityapahuja",
                            "members.28": "rhowe-gds",
                            "members.29": "AmritSidhu",
                            "members.3": "issyl0",
                            "members.4": "phantas",
                            "members.5": "philandstuff",
                            "members.6": "chrisholmes",
                            "members.7": "thomasalanlee",
                            "members.8": "mmhmm",
                            "members.9": "tlwr",
                            "name": "verify-tech-team-approvers",
                            "permission": "pull",
                            "privacy": "closed",
                            "slug": "verify-tech-team-approvers"
                        },
                        "meta": {},
                        "tainted": false
                    },
                    "deposed": [],
                    "provider": "provider.github"
                },
                "data.github_team.tech_team": {
                    "type": "github_team",
                    "depends_on": [],
                    "primary": {
                        "id": "2830432",
                        "attributes": {
                            "description": "Verify Tech Team",
                            "id": "2830432",
                            "members.#": "30",
                            "members.0": "idrop",
                            "members.1": "46bit",
                            "members.10": "kerrr",
                            "members.11": "zilnhoj",
                            "members.12": "vixus0",
                            "members.13": "robinmitra",
                            "members.14": "brenetic",
                            "members.15": "nacnudus",
                            "members.16": "CharlesIC",
                            "members.17": "jkunle",
                            "members.18": "sakisv",
                            "members.19": "stephengrier",
                            "members.2": "galund",
                            "members.20": "ronocg",
                            "members.21": "mikieet",
                            "members.22": "Rosa-Fox",
                            "members.23": "AnneCarr",
                            "members.24": "ida-build-bot",
                            "members.25": "chrisclayson",
                            "members.26": "smford",
                            "members.27": "blairboy362",
                            "members.28": "Wynndow",
                            "members.29": "andy-paine",
                            "members.3": "issyl0",
                            "members.4": "phantas",
                            "members.5": "philandstuff",
                            "members.6": "chrisholmes",
                            "members.7": "thomasalanlee",
                            "members.8": "mmhmm",
                            "members.9": "tlwr",
                            "name": "verify-tech-team",
                            "permission": "pull",
                            "privacy": "closed",
                            "slug": "verify-tech-team"
                        },
                        "meta": {},
                        "tainted": false
                    },
                    "deposed": [],
                    "provider": "provider.github"
                },
                "github_team_membership.team_membership.0": {
                    "type": "github_team_membership",
                    "depends_on": [],
                    "primary": {
                        "id": "2826122:46bit",
                        "attributes": {
                            "etag": "W/\"533c086d48e205d977beb420191123d1\"",
                            "id": "2826122:46bit",
                            "role": "member",
                            "team_id": "2826122",
                            "username": "46bit"
                        },
                        "meta": {},
                        "tainted": false
                    },
                    "deposed": [],
                    "provider": "provider.github"
                },
                "github_team_membership.team_membership.1": {
                    "type": "github_team_membership",
                    "depends_on": [],
                    "primary": {
                        "id": "2826127:46bit",
                        "attributes": {
                            "etag": "W/\"ca10529a8b791836cf2dfa24524038d5\"",
                            "id": "2826127:46bit",
                            "role": "member",
                            "team_id": "2826127",
                            "username": "46bit"
                        },
                        "meta": {},
                        "tainted": false
                    },
                    "deposed": [],
                    "provider": "provider.github"
                },
                "github_team_membership.tech_team_approver": {
                    "type": "github_team_membership",
                    "depends_on": [
                        "data.github_team.approvers_team"
                    ],
                    "primary": {
                        "id": "3101758:46bit",
                        "attributes": {
                            "etag": "W/\"6b19d4a20b8f202bd74acfddb0b874d6\"",
                            "id": "3101758:46bit",
                            "role": "member",
                            "team_id": "3101758",
                            "username": "46bit"
                        },
                        "meta": {},
                        "tainted": false
                    },
                    "deposed": [],
                    "provider": "provider.github"
                }
            },
            "depends_on": []
        },
        {
            "path": [
                "root",
                "user_adityapahuja"
            ],
            "outputs": {},
            "resources": {
                "data.github_team.approvers_team": {
                    "type": "github_team",
                    "depends_on": [],
                    "primary": {
                        "id": "3101758",
                        "attributes": {
                            "description": "Verify tech team: verify-tech-team-approvers",
                            "id": "3101758",
                            "members.#": "30",
                            "members.0": "idrop",
                            "members.1": "46bit",
                            "members.10": "kerrr",
                            "members.11": "vixus0",
                            "members.12": "robinmitra",
                            "members.13": "brenetic",
                            "members.14": "CharlesIC",
                            "members.15": "sakisv",
                            "members.16": "ronocg",
                            "members.17": "Rosa-Fox",
                            "members.18": "chrisclayson",
                            "members.19": "smford",
                            "members.2": "galund",
                            "members.20": "blairboy362",
                            "members.21": "Wynndow",
                            "members.22": "andy-paine",
                            "members.23": "tomrosier",
                            "members.24": "bravegrape",
                            "members.25": "jstandring-gds",
                            "members.26": "mhussein-gds",
                            "members.27": "adityapahuja",
                            "members.28": "rhowe-gds",
                            "members.29": "AmritSidhu",
                            "members.3": "issyl0",
                            "members.4": "phantas",
                            "members.5": "philandstuff",
                            "members.6": "chrisholmes",
                            "members.7": "thomasalanlee",
                            "members.8": "mmhmm",
                            "members.9": "tlwr",
                            "name": "verify-tech-team-approvers",
                            "permission": "pull",
                            "privacy": "closed",
                            "slug": "verify-tech-team-approvers"
                        },
                        "meta": {},
                        "tainted": false
                    },
                    "deposed": [],
                    "provider": "provider.github"
                },
                "data.github_team.tech_team": {
                    "type": "github_team",
                    "depends_on": [],
                    "primary": {
                        "id": "2830432",
                        "attributes": {
                            "description": "Verify Tech Team",
                            "id": "2830432",
                            "members.#": "30",
                            "members.0": "idrop",
                            "members.1": "46bit",
                            "members.10": "kerrr",
                            "members.11": "zilnhoj",
                            "members.12": "vixus0",
                            "members.13": "robinmitra",
                            "members.14": "brenetic",
                            "members.15": "nacnudus",
                            "members.16": "CharlesIC",
                            "members.17": "jkunle",
                            "members.18": "sakisv",
                            "members.19": "stephengrier",
                            "members.2": "galund",
                            "members.20": "ronocg",
                            "members.21": "mikieet",
                            "members.22": "Rosa-Fox",
                            "members.23": "AnneCarr",
                            "members.24": "ida-build-bot",
                            "members.25": "chrisclayson",
                            "members.26": "smford",
                            "members.27": "blairboy362",
                            "members.28": "Wynndow",
                            "members.29": "andy-paine",
                            "members.3": "issyl0",
                            "members.4": "phantas",
                            "members.5": "philandstuff",
                            "members.6": "chrisholmes",
                            "members.7": "thomasalanlee",
                            "members.8": "mmhmm",
                            "members.9": "tlwr",
                            "name": "verify-tech-team",
                            "permission": "pull",
                            "privacy": "closed",
                            "slug": "verify-tech-team"
                        },
                        "meta": {},
                        "tainted": false
                    },
                    "deposed": [],
                    "provider": "provider.github"
                },
                "github_team_membership.team_membership.0": {
                    "type": "github_team_membership",
                    "depends_on": [],
                    "primary": {
                        "id": "2826122:adityapahuja",
                        "attributes": {
                            "etag": "W/\"1969f3e8dd12ecd71b89979acd6ddf13\"",
                            "id": "2826122:adityapahuja",
                            "role": "member",
                            "team_id": "2826122",
                            "username": "adityapahuja"
                        },
                        "meta": {},
                        "tainted": false
                    },
                    "deposed": [],
                    "provider": "provider.github"
                },
                "github_team_membership.team_membership.1": {
                    "type": "github_team_membership",
                    "depends_on": [],
                    "primary": {
                        "id": "2826127:adityapahuja",
                        "attributes": {
                            "etag": "W/\"b50fa1ffdc87c2aa4836cf1c27e1adf4\"",
                            "id": "2826127:adityapahuja",
                            "role": "member",
                            "team_id": "2826127",
                            "username": "adityapahuja"
                        },
                        "meta": {},
                        "tainted": false
                    },
                    "deposed": [],
                    "provider": "provider.github"
                },
                "github_team_membership.tech_team_approver": {
                    "type": "github_team_membership",
                    "depends_on": [
                        "data.github_team.approvers_team"
                    ],
                    "primary": {
                        "id": "3101758:adityapahuja",
                        "attributes": {
                            "etag": "W/\"834b3f5f82ece0eec64249dc068d5a40\"",
                            "id": "3101758:adityapahuja",
                            "role": "member",
                            "team_id": "3101758",
                            "username": "adityapahuja"
                        },
                        "meta": {},
                        "tainted": false
                    },
                    "deposed": [],
                    "provider": "provider.github"
                }
            },
            "depends_on": []
        },
        {
            "path": [
                "root",
                "user_alan_gds"
            ],
            "outputs": {},
            "resources": {
                "data.github_team.approvers_team": {
                    "type": "github_team",
                    "depends_on": [],
                    "primary": {
                        "id": "3101758",
                        "attributes": {
                            "description": "Verify tech team: verify-tech-team-approvers",
                            "id": "3101758",
                            "members.#": "30",
                            "members.0": "idrop",
                            "members.1": "46bit",
                            "members.10": "kerrr",
                            "members.11": "vixus0",
                            "members.12": "robinmitra",
                            "members.13": "brenetic",
                            "members.14": "CharlesIC",
                            "members.15": "sakisv",
                            "members.16": "ronocg",
                            "members.17": "Rosa-Fox",
                            "members.18": "chrisclayson",
                            "members.19": "smford",
                            "members.2": "galund",
                            "members.20": "blairboy362",
                            "members.21": "Wynndow",
                            "members.22": "andy-paine",
                            "members.23": "tomrosier",
                            "members.24": "bravegrape",
                            "members.25": "jstandring-gds",
                            "members.26": "mhussein-gds",
                            "members.27": "adityapahuja",
                            "members.28": "rhowe-gds",
                            "members.29": "AmritSidhu",
                            "members.3": "issyl0",
                            "members.4": "phantas",
                            "members.5": "philandstuff",
                            "members.6": "chrisholmes",
                            "members.7": "thomasalanlee",
                            "members.8": "mmhmm",
                            "members.9": "tlwr",
                            "name": "verify-tech-team-approvers",
                            "permission": "pull",
                            "privacy": "closed",
                            "slug": "verify-tech-team-approvers"
                        },
                        "meta": {},
                        "tainted": false
                    },
                    "deposed": [],
                    "provider": "provider.github"
                },
                "data.github_team.tech_team": {
                    "type": "github_team",
                    "depends_on": [],
                    "primary": {
                        "id": "2830432",
                        "attributes": {
                            "description": "Verify Tech Team",
                            "id": "2830432",
                            "members.#": "30",
                            "members.0": "idrop",
                            "members.1": "46bit",
                            "members.10": "kerrr",
                            "members.11": "zilnhoj",
                            "members.12": "vixus0",
                            "members.13": "robinmitra",
                            "members.14": "brenetic",
                            "members.15": "nacnudus",
                            "members.16": "CharlesIC",
                            "members.17": "jkunle",
                            "members.18": "sakisv",
                            "members.19": "stephengrier",
                            "members.2": "galund",
                            "members.20": "ronocg",
                            "members.21": "mikieet",
                            "members.22": "Rosa-Fox",
                            "members.23": "AnneCarr",
                            "members.24": "ida-build-bot",
                            "members.25": "chrisclayson",
                            "members.26": "smford",
                            "members.27": "blairboy362",
                            "members.28": "Wynndow",
                            "members.29": "andy-paine",
                            "members.3": "issyl0",
                            "members.4": "phantas",
                            "members.5": "philandstuff",
                            "members.6": "chrisholmes",
                            "members.7": "thomasalanlee",
                            "members.8": "mmhmm",
                            "members.9": "tlwr",
                            "name": "verify-tech-team",
                            "permission": "pull",
                            "privacy": "closed",
                            "slug": "verify-tech-team"
                        },
                        "meta": {},
                        "tainted": false
                    },
                    "deposed": [],
                    "provider": "provider.github"
                },
                "github_team_membership.team_membership": {
                    "type": "github_team_membership",
                    "depends_on": [],
                    "primary": {
                        "id": "2826122:alan-gds",
                        "attributes": {
                            "etag": "W/\"62268eab215777fd96d432497cbde028\"",
                            "id": "2826122:alan-gds",
                            "role": "member",
                            "team_id": "2826122",
                            "username": "alan-gds"
                        },
                        "meta": {},
                        "tainted": false
                    },
                    "deposed": [],
                    "provider": "provider.github"
                },
                "github_team_membership.tech_team_approver": {
                    "type": "github_team_membership",
                    "depends_on": [
                        "data.github_team.approvers_team"
                    ],
                    "primary": {
                        "id": "3101758:alan-gds",
                        "attributes": {
                            "etag": "W/\"5327f96d577e19d36113aa793fbf7db0\"",
                            "id": "3101758:alan-gds",
                            "role": "member",
                            "team_id": "3101758",
                            "username": "alan-gds"
                        },
                        "meta": {},
                        "tainted": false
                    },
                    "deposed": [],
                    "provider": "provider.github"
                }
            },
            "depends_on": []
        },
        {
            "path": [
                "root",
                "user_alexandergeegds"
            ],
            "outputs": {},
            "resources": {
                "data.github_team.approvers_team": {
                    "type": "github_team",
                    "depends_on": [],
                    "primary": {
                        "id": "3101758",
                        "attributes": {
                            "description": "Verify tech team: verify-tech-team-approvers",
                            "id": "3101758",
                            "members.#": "30",
                            "members.0": "idrop",
                            "members.1": "46bit",
                            "members.10": "kerrr",
                            "members.11": "vixus0",
                            "members.12": "robinmitra",
                            "members.13": "brenetic",
                            "members.14": "CharlesIC",
                            "members.15": "sakisv",
                            "members.16": "ronocg",
                            "members.17": "Rosa-Fox",
                            "members.18": "chrisclayson",
                            "members.19": "smford",
                            "members.2": "galund",
                            "members.20": "blairboy362",
                            "members.21": "Wynndow",
                            "members.22": "andy-paine",
                            "members.23": "tomrosier",
                            "members.24": "bravegrape",
                            "members.25": "jstandring-gds",
                            "members.26": "mhussein-gds",
                            "members.27": "adityapahuja",
                            "members.28": "rhowe-gds",
                            "members.29": "AmritSidhu",
                            "members.3": "issyl0",
                            "members.4": "phantas",
                            "members.5": "philandstuff",
                            "members.6": "chrisholmes",
                            "members.7": "thomasalanlee",
                            "members.8": "mmhmm",
                            "members.9": "tlwr",
                            "name": "verify-tech-team-approvers",
                            "permission": "pull",
                            "privacy": "closed",
                            "slug": "verify-tech-team-approvers"
                        },
                        "meta": {},
                        "tainted": false
                    },
                    "deposed": [],
                    "provider": "provider.github"
                },
                "data.github_team.tech_team": {
                    "type": "github_team",
                    "depends_on": [],
                    "primary": {
                        "id": "2830432",
                        "attributes": {
                            "description": "Verify Tech Team",
                            "id": "2830432",
                            "members.#": "30",
                            "members.0": "idrop",
                            "members.1": "46bit",
                            "members.10": "kerrr",
                            "members.11": "zilnhoj",
                            "members.12": "vixus0",
                            "members.13": "robinmitra",
                            "members.14": "brenetic",
                            "members.15": "nacnudus",
                            "members.16": "CharlesIC",
                            "members.17": "jkunle",
                            "members.18": "sakisv",
                            "members.19": "stephengrier",
                            "members.2": "galund",
                            "members.20": "ronocg",
                            "members.21": "mikieet",
                            "members.22": "Rosa-Fox",
                            "members.23": "AnneCarr",
                            "members.24": "ida-build-bot",
                            "members.25": "chrisclayson",
                            "members.26": "smford",
                            "members.27": "blairboy362",
                            "members.28": "Wynndow",
                            "members.29": "andy-paine",
                            "members.3": "issyl0",
                            "members.4": "phantas",
                            "members.5": "philandstuff",
                            "members.6": "chrisholmes",
                            "members.7": "thomasalanlee",
                            "members.8": "mmhmm",
                            "members.9": "tlwr",
                            "name": "verify-tech-team",
                            "permission": "pull",
                            "privacy": "closed",
                            "slug": "verify-tech-team"
                        },
                        "meta": {},
                        "tainted": false
                    },
                    "deposed": [],
                    "provider": "provider.github"
                },
                "github_team_membership.team_membership": {
                    "type": "github_team_membership",
                    "depends_on": [],
                    "primary": {
                        "id": "2826122:alexandergeegds",
                        "attributes": {
                            "etag": "W/\"6c767e5df6471feeb09abde1c9463495\"",
                            "id": "2826122:alexandergeegds",
                            "role": "member",
                            "team_id": "2826122",
                            "username": "alexandergeegds"
                        },
                        "meta": {},
                        "tainted": false
                    },
                    "deposed": [],
                    "provider": "provider.github"
                }
            },
            "depends_on": []
        },
        {
            "path": [
                "root",
                "user_amritsidhu"
            ],
            "outputs": {},
            "resources": {
                "data.github_team.approvers_team": {
                    "type": "github_team",
                    "depends_on": [],
                    "primary": {
                        "id": "3101758",
                        "attributes": {
                            "description": "Verify tech team: verify-tech-team-approvers",
                            "id": "3101758",
                            "members.#": "30",
                            "members.0": "idrop",
                            "members.1": "46bit",
                            "members.10": "kerrr",
                            "members.11": "vixus0",
                            "members.12": "robinmitra",
                            "members.13": "brenetic",
                            "members.14": "CharlesIC",
                            "members.15": "sakisv",
                            "members.16": "ronocg",
                            "members.17": "Rosa-Fox",
                            "members.18": "chrisclayson",
                            "members.19": "smford",
                            "members.2": "galund",
                            "members.20": "blairboy362",
                            "members.21": "Wynndow",
                            "members.22": "andy-paine",
                            "members.23": "tomrosier",
                            "members.24": "bravegrape",
                            "members.25": "jstandring-gds",
                            "members.26": "mhussein-gds",
                            "members.27": "adityapahuja",
                            "members.28": "rhowe-gds",
                            "members.29": "AmritSidhu",
                            "members.3": "issyl0",
                            "members.4": "phantas",
                            "members.5": "philandstuff",
                            "members.6": "chrisholmes",
                            "members.7": "thomasalanlee",
                            "members.8": "mmhmm",
                            "members.9": "tlwr",
                            "name": "verify-tech-team-approvers",
                            "permission": "pull",
                            "privacy": "closed",
                            "slug": "verify-tech-team-approvers"
                        },
                        "meta": {},
                        "tainted": false
                    },
                    "deposed": [],
                    "provider": "provider.github"
                },
                "data.github_team.tech_team": {
                    "type": "github_team",
                    "depends_on": [],
                    "primary": {
                        "id": "2830432",
                        "attributes": {
                            "description": "Verify Tech Team",
                            "id": "2830432",
                            "members.#": "30",
                            "members.0": "idrop",
                            "members.1": "46bit",
                            "members.10": "kerrr",
                            "members.11": "zilnhoj",
                            "members.12": "vixus0",
                            "members.13": "robinmitra",
                            "members.14": "brenetic",
                            "members.15": "nacnudus",
                            "members.16": "CharlesIC",
                            "members.17": "jkunle",
                            "members.18": "sakisv",
                            "members.19": "stephengrier",
                            "members.2": "galund",
                            "members.20": "ronocg",
                            "members.21": "mikieet",
                            "members.22": "Rosa-Fox",
                            "members.23": "AnneCarr",
                            "members.24": "ida-build-bot",
                            "members.25": "chrisclayson",
                            "members.26": "smford",
                            "members.27": "blairboy362",
                            "members.28": "Wynndow",
                            "members.29": "andy-paine",
                            "members.3": "issyl0",
                            "members.4": "phantas",
                            "members.5": "philandstuff",
                            "members.6": "chrisholmes",
                            "members.7": "thomasalanlee",
                            "members.8": "mmhmm",
                            "members.9": "tlwr",
                            "name": "verify-tech-team",
                            "permission": "pull",
                            "privacy": "closed",
                            "slug": "verify-tech-team"
                        },
                        "meta": {},
                        "tainted": false
                    },
                    "deposed": [],
                    "provider": "provider.github"
                },
                "github_team_membership.team_membership": {
                    "type": "github_team_membership",
                    "depends_on": [],
                    "primary": {
                        "id": "2826122:AmritSidhu",
                        "attributes": {
                            "etag": "W/\"9238ea1cd351f0d649b9a54a160b3890\"",
                            "id": "2826122:AmritSidhu",
                            "role": "member",
                            "team_id": "2826122",
                            "username": "AmritSidhu"
                        },
                        "meta": {},
                        "tainted": false
                    },
                    "deposed": [],
                    "provider": "provider.github"
                },
                "github_team_membership.tech_team_approver": {
                    "type": "github_team_membership",
                    "depends_on": [
                        "data.github_team.approvers_team"
                    ],
                    "primary": {
                        "id": "3101758:AmritSidhu",
                        "attributes": {
                            "etag": "W/\"ea3e189eff1080e210a8c02484ed68bf\"",
                            "id": "3101758:AmritSidhu",
                            "role": "member",
                            "team_id": "3101758",
                            "username": "AmritSidhu"
                        },
                        "meta": {},
                        "tainted": false
                    },
                    "deposed": [],
                    "provider": "provider.github"
                }
            },
            "depends_on": []
        },
        {
            "path": [
                "root",
                "user_andy_paine"
            ],
            "outputs": {},
            "resources": {
                "data.github_team.approvers_team": {
                    "type": "github_team",
                    "depends_on": [],
                    "primary": {
                        "id": "3101758",
                        "attributes": {
                            "description": "Verify tech team: verify-tech-team-approvers",
                            "id": "3101758",
                            "members.#": "30",
                            "members.0": "idrop",
                            "members.1": "46bit",
                            "members.10": "kerrr",
                            "members.11": "vixus0",
                            "members.12": "robinmitra",
                            "members.13": "brenetic",
                            "members.14": "CharlesIC",
                            "members.15": "sakisv",
                            "members.16": "ronocg",
                            "members.17": "Rosa-Fox",
                            "members.18": "chrisclayson",
                            "members.19": "smford",
                            "members.2": "galund",
                            "members.20": "blairboy362",
                            "members.21": "Wynndow",
                            "members.22": "andy-paine",
                            "members.23": "tomrosier",
                            "members.24": "bravegrape",
                            "members.25": "jstandring-gds",
                            "members.26": "mhussein-gds",
                            "members.27": "adityapahuja",
                            "members.28": "rhowe-gds",
                            "members.29": "AmritSidhu",
                            "members.3": "issyl0",
                            "members.4": "phantas",
                            "members.5": "philandstuff",
                            "members.6": "chrisholmes",
                            "members.7": "thomasalanlee",
                            "members.8": "mmhmm",
                            "members.9": "tlwr",
                            "name": "verify-tech-team-approvers",
                            "permission": "pull",
                            "privacy": "closed",
                            "slug": "verify-tech-team-approvers"
                        },
                        "meta": {},
                        "tainted": false
                    },
                    "deposed": [],
                    "provider": "provider.github"
                },
                "data.github_team.tech_team": {
                    "type": "github_team",
                    "depends_on": [],
                    "primary": {
                        "id": "2830432",
                        "attributes": {
                            "description": "Verify Tech Team",
                            "id": "2830432",
                            "members.#": "30",
                            "members.0": "idrop",
                            "members.1": "46bit",
                            "members.10": "kerrr",
                            "members.11": "zilnhoj",
                            "members.12": "vixus0",
                            "members.13": "robinmitra",
                            "members.14": "brenetic",
                            "members.15": "nacnudus",
                            "members.16": "CharlesIC",
                            "members.17": "jkunle",
                            "members.18": "sakisv",
                            "members.19": "stephengrier",
                            "members.2": "galund",
                            "members.20": "ronocg",
                            "members.21": "mikieet",
                            "members.22": "Rosa-Fox",
                            "members.23": "AnneCarr",
                            "members.24": "ida-build-bot",
                            "members.25": "chrisclayson",
                            "members.26": "smford",
                            "members.27": "blairboy362",
                            "members.28": "Wynndow",
                            "members.29": "andy-paine",
                            "members.3": "issyl0",
                            "members.4": "phantas",
                            "members.5": "philandstuff",
                            "members.6": "chrisholmes",
                            "members.7": "thomasalanlee",
                            "members.8": "mmhmm",
                            "members.9": "tlwr",
                            "name": "verify-tech-team",
                            "permission": "pull",
                            "privacy": "closed",
                            "slug": "verify-tech-team"
                        },
                        "meta": {},
                        "tainted": false
                    },
                    "deposed": [],
                    "provider": "provider.github"
                },
                "github_team_membership.team_membership.0": {
                    "type": "github_team_membership",
                    "depends_on": [],
                    "primary": {
                        "id": "2826122:andy-paine",
                        "attributes": {
                            "etag": "W/\"e280a342f3c6793b6207de679082282e\"",
                            "id": "2826122:andy-paine",
                            "role": "member",
                            "team_id": "2826122",
                            "username": "andy-paine"
                        },
                        "meta": {},
                        "tainted": false
                    },
                    "deposed": [],
                    "provider": "provider.github"
                },
                "github_team_membership.team_membership.1": {
                    "type": "github_team_membership",
                    "depends_on": [],
                    "primary": {
                        "id": "2826127:andy-paine",
                        "attributes": {
                            "etag": "W/\"51c7c23fb8af7c86d76e05eca7f59485\"",
                            "id": "2826127:andy-paine",
                            "role": "member",
                            "team_id": "2826127",
                            "username": "andy-paine"
                        },
                        "meta": {},
                        "tainted": false
                    },
                    "deposed": [],
                    "provider": "provider.github"
                },
                "github_team_membership.tech_team_approver": {
                    "type": "github_team_membership",
                    "depends_on": [
                        "data.github_team.approvers_team"
                    ],
                    "primary": {
                        "id": "3101758:andy-paine",
                        "attributes": {
                            "etag": "W/\"887d0454a7285ad0b28057286ab364af\"",
                            "id": "3101758:andy-paine",
                            "role": "member",
                            "team_id": "3101758",
                            "username": "andy-paine"
                        },
                        "meta": {},
                        "tainted": false
                    },
                    "deposed": [],
                    "provider": "provider.github"
                }
            },
            "depends_on": []
        },
        {
            "path": [
                "root",
                "user_annecarr"
            ],
            "outputs": {},
            "resources": {
                "data.github_team.approvers_team": {
                    "type": "github_team",
                    "depends_on": [],
                    "primary": {
                        "id": "3101758",
                        "attributes": {
                            "description": "Verify tech team: verify-tech-team-approvers",
                            "id": "3101758",
                            "members.#": "30",
                            "members.0": "idrop",
                            "members.1": "46bit",
                            "members.10": "kerrr",
                            "members.11": "vixus0",
                            "members.12": "robinmitra",
                            "members.13": "brenetic",
                            "members.14": "CharlesIC",
                            "members.15": "sakisv",
                            "members.16": "ronocg",
                            "members.17": "Rosa-Fox",
                            "members.18": "chrisclayson",
                            "members.19": "smford",
                            "members.2": "galund",
                            "members.20": "blairboy362",
                            "members.21": "Wynndow",
                            "members.22": "andy-paine",
                            "members.23": "tomrosier",
                            "members.24": "bravegrape",
                            "members.25": "jstandring-gds",
                            "members.26": "mhussein-gds",
                            "members.27": "adityapahuja",
                            "members.28": "rhowe-gds",
                            "members.29": "AmritSidhu",
                            "members.3": "issyl0",
                            "members.4": "phantas",
                            "members.5": "philandstuff",
                            "members.6": "chrisholmes",
                            "members.7": "thomasalanlee",
                            "members.8": "mmhmm",
                            "members.9": "tlwr",
                            "name": "verify-tech-team-approvers",
                            "permission": "pull",
                            "privacy": "closed",
                            "slug": "verify-tech-team-approvers"
                        },
                        "meta": {},
                        "tainted": false
                    },
                    "deposed": [],
                    "provider": "provider.github"
                },
                "data.github_team.tech_team": {
                    "type": "github_team",
                    "depends_on": [],
                    "primary": {
                        "id": "2830432",
                        "attributes": {
                            "description": "Verify Tech Team",
                            "id": "2830432",
                            "members.#": "30",
                            "members.0": "idrop",
                            "members.1": "46bit",
                            "members.10": "kerrr",
                            "members.11": "zilnhoj",
                            "members.12": "vixus0",
                            "members.13": "robinmitra",
                            "members.14": "brenetic",
                            "members.15": "nacnudus",
                            "members.16": "CharlesIC",
                            "members.17": "jkunle",
                            "members.18": "sakisv",
                            "members.19": "stephengrier",
                            "members.2": "galund",
                            "members.20": "ronocg",
                            "members.21": "mikieet",
                            "members.22": "Rosa-Fox",
                            "members.23": "AnneCarr",
                            "members.24": "ida-build-bot",
                            "members.25": "chrisclayson",
                            "members.26": "smford",
                            "members.27": "blairboy362",
                            "members.28": "Wynndow",
                            "members.29": "andy-paine",
                            "members.3": "issyl0",
                            "members.4": "phantas",
                            "members.5": "philandstuff",
                            "members.6": "chrisholmes",
                            "members.7": "thomasalanlee",
                            "members.8": "mmhmm",
                            "members.9": "tlwr",
                            "name": "verify-tech-team",
                            "permission": "pull",
                            "privacy": "closed",
                            "slug": "verify-tech-team"
                        },
                        "meta": {},
                        "tainted": false
                    },
                    "deposed": [],
                    "provider": "provider.github"
                },
                "github_team_membership.team_membership": {
                    "type": "github_team_membership",
                    "depends_on": [],
                    "primary": {
                        "id": "2826122:AnneCarr",
                        "attributes": {
                            "etag": "W/\"601fe62496e5aff1b54b70d2cca06adf\"",
                            "id": "2826122:AnneCarr",
                            "role": "member",
                            "team_id": "2826122",
                            "username": "AnneCarr"
                        },
                        "meta": {},
                        "tainted": false
                    },
                    "deposed": [],
                    "provider": "provider.github"
                }
            },
            "depends_on": []
        },
        {
            "path": [
                "root",
                "user_benjamin_mortimer"
            ],
            "outputs": {},
            "resources": {
                "data.github_team.approvers_team": {
                    "type": "github_team",
                    "depends_on": [],
                    "primary": {
                        "id": "3101758",
                        "attributes": {
                            "description": "Verify tech team: verify-tech-team-approvers",
                            "id": "3101758",
                            "members.#": "30",
                            "members.0": "idrop",
                            "members.1": "46bit",
                            "members.10": "kerrr",
                            "members.11": "vixus0",
                            "members.12": "robinmitra",
                            "members.13": "brenetic",
                            "members.14": "CharlesIC",
                            "members.15": "sakisv",
                            "members.16": "ronocg",
                            "members.17": "Rosa-Fox",
                            "members.18": "chrisclayson",
                            "members.19": "smford",
                            "members.2": "galund",
                            "members.20": "blairboy362",
                            "members.21": "Wynndow",
                            "members.22": "andy-paine",
                            "members.23": "tomrosier",
                            "members.24": "bravegrape",
                            "members.25": "jstandring-gds",
                            "members.26": "mhussein-gds",
                            "members.27": "adityapahuja",
                            "members.28": "rhowe-gds",
                            "members.29": "AmritSidhu",
                            "members.3": "issyl0",
                            "members.4": "phantas",
                            "members.5": "philandstuff",
                            "members.6": "chrisholmes",
                            "members.7": "thomasalanlee",
                            "members.8": "mmhmm",
                            "members.9": "tlwr",
                            "name": "verify-tech-team-approvers",
                            "permission": "pull",
                            "privacy": "closed",
                            "slug": "verify-tech-team-approvers"
                        },
                        "meta": {},
                        "tainted": false
                    },
                    "deposed": [],
                    "provider": "provider.github"
                },
                "data.github_team.tech_team": {
                    "type": "github_team",
                    "depends_on": [],
                    "primary": {
                        "id": "2830432",
                        "attributes": {
                            "description": "Verify Tech Team",
                            "id": "2830432",
                            "members.#": "30",
                            "members.0": "idrop",
                            "members.1": "46bit",
                            "members.10": "kerrr",
                            "members.11": "zilnhoj",
                            "members.12": "vixus0",
                            "members.13": "robinmitra",
                            "members.14": "brenetic",
                            "members.15": "nacnudus",
                            "members.16": "CharlesIC",
                            "members.17": "jkunle",
                            "members.18": "sakisv",
                            "members.19": "stephengrier",
                            "members.2": "galund",
                            "members.20": "ronocg",
                            "members.21": "mikieet",
                            "members.22": "Rosa-Fox",
                            "members.23": "AnneCarr",
                            "members.24": "ida-build-bot",
                            "members.25": "chrisclayson",
                            "members.26": "smford",
                            "members.27": "blairboy362",
                            "members.28": "Wynndow",
                            "members.29": "andy-paine",
                            "members.3": "issyl0",
                            "members.4": "phantas",
                            "members.5": "philandstuff",
                            "members.6": "chrisholmes",
                            "members.7": "thomasalanlee",
                            "members.8": "mmhmm",
                            "members.9": "tlwr",
                            "name": "verify-tech-team",
                            "permission": "pull",
                            "privacy": "closed",
                            "slug": "verify-tech-team"
                        },
                        "meta": {},
                        "tainted": false
                    },
                    "deposed": [],
                    "provider": "provider.github"
                },
                "github_team_membership.team_membership.0": {
                    "type": "github_team_membership",
                    "depends_on": [],
                    "primary": {
                        "id": "2826122:benjamin-mortimer",
                        "attributes": {
                            "etag": "W/\"584e9e3257ea74a84df48af01a8c86da\"",
                            "id": "2826122:benjamin-mortimer",
                            "role": "member",
                            "team_id": "2826122",
                            "username": "benjamin-mortimer"
                        },
                        "meta": {},
                        "tainted": false
                    },
                    "deposed": [],
                    "provider": "provider.github"
                },
                "github_team_membership.team_membership.1": {
                    "type": "github_team_membership",
                    "depends_on": [],
                    "primary": {
                        "id": "2826126:benjamin-mortimer",
                        "attributes": {
                            "etag": "W/\"475cb4d81b2440a80c2f070bdd65bc42\"",
                            "id": "2826126:benjamin-mortimer",
                            "role": "member",
                            "team_id": "2826126",
                            "username": "benjamin-mortimer"
                        },
                        "meta": {},
                        "tainted": false
                    },
                    "deposed": [],
                    "provider": "provider.github"
                }
            },
            "depends_on": []
        },
        {
            "path": [
                "root",
                "user_bjgill"
            ],
            "outputs": {},
            "resources": {
                "data.github_team.approvers_team": {
                    "type": "github_team",
                    "depends_on": [],
                    "primary": {
                        "id": "3101758",
                        "attributes": {
                            "description": "Verify tech team: verify-tech-team-approvers",
                            "id": "3101758",
                            "members.#": "30",
                            "members.0": "idrop",
                            "members.1": "46bit",
                            "members.10": "kerrr",
                            "members.11": "vixus0",
                            "members.12": "robinmitra",
                            "members.13": "brenetic",
                            "members.14": "CharlesIC",
                            "members.15": "sakisv",
                            "members.16": "ronocg",
                            "members.17": "Rosa-Fox",
                            "members.18": "chrisclayson",
                            "members.19": "smford",
                            "members.2": "galund",
                            "members.20": "blairboy362",
                            "members.21": "Wynndow",
                            "members.22": "andy-paine",
                            "members.23": "tomrosier",
                            "members.24": "bravegrape",
                            "members.25": "jstandring-gds",
                            "members.26": "mhussein-gds",
                            "members.27": "adityapahuja",
                            "members.28": "rhowe-gds",
                            "members.29": "AmritSidhu",
                            "members.3": "issyl0",
                            "members.4": "phantas",
                            "members.5": "philandstuff",
                            "members.6": "chrisholmes",
                            "members.7": "thomasalanlee",
                            "members.8": "mmhmm",
                            "members.9": "tlwr",
                            "name": "verify-tech-team-approvers",
                            "permission": "pull",
                            "privacy": "closed",
                            "slug": "verify-tech-team-approvers"
                        },
                        "meta": {},
                        "tainted": false
                    },
                    "deposed": [],
                    "provider": "provider.github"
                },
                "data.github_team.tech_team": {
                    "type": "github_team",
                    "depends_on": [],
                    "primary": {
                        "id": "2830432",
                        "attributes": {
                            "description": "Verify Tech Team",
                            "id": "2830432",
                            "members.#": "30",
                            "members.0": "idrop",
                            "members.1": "46bit",
                            "members.10": "kerrr",
                            "members.11": "zilnhoj",
                            "members.12": "vixus0",
                            "members.13": "robinmitra",
                            "members.14": "brenetic",
                            "members.15": "nacnudus",
                            "members.16": "CharlesIC",
                            "members.17": "jkunle",
                            "members.18": "sakisv",
                            "members.19": "stephengrier",
                            "members.2": "galund",
                            "members.20": "ronocg",
                            "members.21": "mikieet",
                            "members.22": "Rosa-Fox",
                            "members.23": "AnneCarr",
                            "members.24": "ida-build-bot",
                            "members.25": "chrisclayson",
                            "members.26": "smford",
                            "members.27": "blairboy362",
                            "members.28": "Wynndow",
                            "members.29": "andy-paine",
                            "members.3": "issyl0",
                            "members.4": "phantas",
                            "members.5": "philandstuff",
                            "members.6": "chrisholmes",
                            "members.7": "thomasalanlee",
                            "members.8": "mmhmm",
                            "members.9": "tlwr",
                            "name": "verify-tech-team",
                            "permission": "pull",
                            "privacy": "closed",
                            "slug": "verify-tech-team"
                        },
                        "meta": {},
                        "tainted": false
                    },
                    "deposed": [],
                    "provider": "provider.github"
                },
                "github_team_membership.team_membership": {
                    "type": "github_team_membership",
                    "depends_on": [],
                    "primary": {
                        "id": "2826122:bjgill",
                        "attributes": {
                            "etag": "W/\"4e5f84cbcbd166bf55c3e5f9c3aec090\"",
                            "id": "2826122:bjgill",
                            "role": "member",
                            "team_id": "2826122",
                            "username": "bjgill"
                        },
                        "meta": {},
                        "tainted": false
                    },
                    "deposed": [],
                    "provider": "provider.github"
                }
            },
            "depends_on": []
        },
        {
            "path": [
                "root",
                "user_blairboy362"
            ],
            "outputs": {},
            "resources": {
                "data.github_team.approvers_team": {
                    "type": "github_team",
                    "depends_on": [],
                    "primary": {
                        "id": "3101758",
                        "attributes": {
                            "description": "Verify tech team: verify-tech-team-approvers",
                            "id": "3101758",
                            "members.#": "30",
                            "members.0": "idrop",
                            "members.1": "46bit",
                            "members.10": "kerrr",
                            "members.11": "vixus0",
                            "members.12": "robinmitra",
                            "members.13": "brenetic",
                            "members.14": "CharlesIC",
                            "members.15": "sakisv",
                            "members.16": "ronocg",
                            "members.17": "Rosa-Fox",
                            "members.18": "chrisclayson",
                            "members.19": "smford",
                            "members.2": "galund",
                            "members.20": "blairboy362",
                            "members.21": "Wynndow",
                            "members.22": "andy-paine",
                            "members.23": "tomrosier",
                            "members.24": "bravegrape",
                            "members.25": "jstandring-gds",
                            "members.26": "mhussein-gds",
                            "members.27": "adityapahuja",
                            "members.28": "rhowe-gds",
                            "members.29": "AmritSidhu",
                            "members.3": "issyl0",
                            "members.4": "phantas",
                            "members.5": "philandstuff",
                            "members.6": "chrisholmes",
                            "members.7": "thomasalanlee",
                            "members.8": "mmhmm",
                            "members.9": "tlwr",
                            "name": "verify-tech-team-approvers",
                            "permission": "pull",
                            "privacy": "closed",
                            "slug": "verify-tech-team-approvers"
                        },
                        "meta": {},
                        "tainted": false
                    },
                    "deposed": [],
                    "provider": "provider.github"
                },
                "data.github_team.tech_team": {
                    "type": "github_team",
                    "depends_on": [],
                    "primary": {
                        "id": "2830432",
                        "attributes": {
                            "description": "Verify Tech Team",
                            "id": "2830432",
                            "members.#": "30",
                            "members.0": "idrop",
                            "members.1": "46bit",
                            "members.10": "kerrr",
                            "members.11": "zilnhoj",
                            "members.12": "vixus0",
                            "members.13": "robinmitra",
                            "members.14": "brenetic",
                            "members.15": "nacnudus",
                            "members.16": "CharlesIC",
                            "members.17": "jkunle",
                            "members.18": "sakisv",
                            "members.19": "stephengrier",
                            "members.2": "galund",
                            "members.20": "ronocg",
                            "members.21": "mikieet",
                            "members.22": "Rosa-Fox",
                            "members.23": "AnneCarr",
                            "members.24": "ida-build-bot",
                            "members.25": "chrisclayson",
                            "members.26": "smford",
                            "members.27": "blairboy362",
                            "members.28": "Wynndow",
                            "members.29": "andy-paine",
                            "members.3": "issyl0",
                            "members.4": "phantas",
                            "members.5": "philandstuff",
                            "members.6": "chrisholmes",
                            "members.7": "thomasalanlee",
                            "members.8": "mmhmm",
                            "members.9": "tlwr",
                            "name": "verify-tech-team",
                            "permission": "pull",
                            "privacy": "closed",
                            "slug": "verify-tech-team"
                        },
                        "meta": {},
                        "tainted": false
                    },
                    "deposed": [],
                    "provider": "provider.github"
                },
                "github_team_membership.team_membership": {
                    "type": "github_team_membership",
                    "depends_on": [],
                    "primary": {
                        "id": "2826127:blairboy362",
                        "attributes": {
                            "etag": "W/\"d46a72861ce3a7f116d469faff96ed6d\"",
                            "id": "2826127:blairboy362",
                            "role": "member",
                            "team_id": "2826127",
                            "username": "blairboy362"
                        },
                        "meta": {},
                        "tainted": false
                    },
                    "deposed": [],
                    "provider": "provider.github"
                },
                "github_team_membership.tech_team_approver": {
                    "type": "github_team_membership",
                    "depends_on": [
                        "data.github_team.approvers_team"
                    ],
                    "primary": {
                        "id": "3101758:blairboy362",
                        "attributes": {
                            "etag": "W/\"6d9ec5b5605c95ec0fe4c8acdf63592a\"",
                            "id": "3101758:blairboy362",
                            "role": "member",
                            "team_id": "3101758",
                            "username": "blairboy362"
                        },
                        "meta": {},
                        "tainted": false
                    },
                    "deposed": [],
                    "provider": "provider.github"
                }
            },
            "depends_on": []
        },
        {
            "path": [
                "root",
                "user_bravegrape"
            ],
            "outputs": {},
            "resources": {
                "data.github_team.approvers_team": {
                    "type": "github_team",
                    "depends_on": [],
                    "primary": {
                        "id": "3101758",
                        "attributes": {
                            "description": "Verify tech team: verify-tech-team-approvers",
                            "id": "3101758",
                            "members.#": "30",
                            "members.0": "idrop",
                            "members.1": "46bit",
                            "members.10": "kerrr",
                            "members.11": "vixus0",
                            "members.12": "robinmitra",
                            "members.13": "brenetic",
                            "members.14": "CharlesIC",
                            "members.15": "sakisv",
                            "members.16": "ronocg",
                            "members.17": "Rosa-Fox",
                            "members.18": "chrisclayson",
                            "members.19": "smford",
                            "members.2": "galund",
                            "members.20": "blairboy362",
                            "members.21": "Wynndow",
                            "members.22": "andy-paine",
                            "members.23": "tomrosier",
                            "members.24": "bravegrape",
                            "members.25": "jstandring-gds",
                            "members.26": "mhussein-gds",
                            "members.27": "adityapahuja",
                            "members.28": "rhowe-gds",
                            "members.29": "AmritSidhu",
                            "members.3": "issyl0",
                            "members.4": "phantas",
                            "members.5": "philandstuff",
                            "members.6": "chrisholmes",
                            "members.7": "thomasalanlee",
                            "members.8": "mmhmm",
                            "members.9": "tlwr",
                            "name": "verify-tech-team-approvers",
                            "permission": "pull",
                            "privacy": "closed",
                            "slug": "verify-tech-team-approvers"
                        },
                        "meta": {},
                        "tainted": false
                    },
                    "deposed": [],
                    "provider": "provider.github"
                },
                "data.github_team.tech_team": {
                    "type": "github_team",
                    "depends_on": [],
                    "primary": {
                        "id": "2830432",
                        "attributes": {
                            "description": "Verify Tech Team",
                            "id": "2830432",
                            "members.#": "30",
                            "members.0": "idrop",
                            "members.1": "46bit",
                            "members.10": "kerrr",
                            "members.11": "zilnhoj",
                            "members.12": "vixus0",
                            "members.13": "robinmitra",
                            "members.14": "brenetic",
                            "members.15": "nacnudus",
                            "members.16": "CharlesIC",
                            "members.17": "jkunle",
                            "members.18": "sakisv",
                            "members.19": "stephengrier",
                            "members.2": "galund",
                            "members.20": "ronocg",
                            "members.21": "mikieet",
                            "members.22": "Rosa-Fox",
                            "members.23": "AnneCarr",
                            "members.24": "ida-build-bot",
                            "members.25": "chrisclayson",
                            "members.26": "smford",
                            "members.27": "blairboy362",
                            "members.28": "Wynndow",
                            "members.29": "andy-paine",
                            "members.3": "issyl0",
                            "members.4": "phantas",
                            "members.5": "philandstuff",
                            "members.6": "chrisholmes",
                            "members.7": "thomasalanlee",
                            "members.8": "mmhmm",
                            "members.9": "tlwr",
                            "name": "verify-tech-team",
                            "permission": "pull",
                            "privacy": "closed",
                            "slug": "verify-tech-team"
                        },
                        "meta": {},
                        "tainted": false
                    },
                    "deposed": [],
                    "provider": "provider.github"
                },
                "github_team_membership.team_membership": {
                    "type": "github_team_membership",
                    "depends_on": [],
                    "primary": {
                        "id": "2826122:bravegrape",
                        "attributes": {
                            "etag": "W/\"3fa3ab975cc0e6ca3631d0195f3411a7\"",
                            "id": "2826122:bravegrape",
                            "role": "member",
                            "team_id": "2826122",
                            "username": "bravegrape"
                        },
                        "meta": {},
                        "tainted": false
                    },
                    "deposed": [],
                    "provider": "provider.github"
                },
                "github_team_membership.tech_team_approver": {
                    "type": "github_team_membership",
                    "depends_on": [
                        "data.github_team.approvers_team"
                    ],
                    "primary": {
                        "id": "3101758:bravegrape",
                        "attributes": {
                            "etag": "W/\"809ebb6e997d06a35ce926ea3de20f4f\"",
                            "id": "3101758:bravegrape",
                            "role": "member",
                            "team_id": "3101758",
                            "username": "bravegrape"
                        },
                        "meta": {},
                        "tainted": false
                    },
                    "deposed": [],
                    "provider": "provider.github"
                }
            },
            "depends_on": []
        },
        {
            "path": [
                "root",
                "user_brenetic"
            ],
            "outputs": {},
            "resources": {
                "data.github_team.approvers_team": {
                    "type": "github_team",
                    "depends_on": [],
                    "primary": {
                        "id": "3101758",
                        "attributes": {
                            "description": "Verify tech team: verify-tech-team-approvers",
                            "id": "3101758",
                            "members.#": "30",
                            "members.0": "idrop",
                            "members.1": "46bit",
                            "members.10": "kerrr",
                            "members.11": "vixus0",
                            "members.12": "robinmitra",
                            "members.13": "brenetic",
                            "members.14": "CharlesIC",
                            "members.15": "sakisv",
                            "members.16": "ronocg",
                            "members.17": "Rosa-Fox",
                            "members.18": "chrisclayson",
                            "members.19": "smford",
                            "members.2": "galund",
                            "members.20": "blairboy362",
                            "members.21": "Wynndow",
                            "members.22": "andy-paine",
                            "members.23": "tomrosier",
                            "members.24": "bravegrape",
                            "members.25": "jstandring-gds",
                            "members.26": "mhussein-gds",
                            "members.27": "adityapahuja",
                            "members.28": "rhowe-gds",
                            "members.29": "AmritSidhu",
                            "members.3": "issyl0",
                            "members.4": "phantas",
                            "members.5": "philandstuff",
                            "members.6": "chrisholmes",
                            "members.7": "thomasalanlee",
                            "members.8": "mmhmm",
                            "members.9": "tlwr",
                            "name": "verify-tech-team-approvers",
                            "permission": "pull",
                            "privacy": "closed",
                            "slug": "verify-tech-team-approvers"
                        },
                        "meta": {},
                        "tainted": false
                    },
                    "deposed": [],
                    "provider": "provider.github"
                },
                "data.github_team.tech_team": {
                    "type": "github_team",
                    "depends_on": [],
                    "primary": {
                        "id": "2830432",
                        "attributes": {
                            "description": "Verify Tech Team",
                            "id": "2830432",
                            "members.#": "30",
                            "members.0": "idrop",
                            "members.1": "46bit",
                            "members.10": "kerrr",
                            "members.11": "zilnhoj",
                            "members.12": "vixus0",
                            "members.13": "robinmitra",
                            "members.14": "brenetic",
                            "members.15": "nacnudus",
                            "members.16": "CharlesIC",
                            "members.17": "jkunle",
                            "members.18": "sakisv",
                            "members.19": "stephengrier",
                            "members.2": "galund",
                            "members.20": "ronocg",
                            "members.21": "mikieet",
                            "members.22": "Rosa-Fox",
                            "members.23": "AnneCarr",
                            "members.24": "ida-build-bot",
                            "members.25": "chrisclayson",
                            "members.26": "smford",
                            "members.27": "blairboy362",
                            "members.28": "Wynndow",
                            "members.29": "andy-paine",
                            "members.3": "issyl0",
                            "members.4": "phantas",
                            "members.5": "philandstuff",
                            "members.6": "chrisholmes",
                            "members.7": "thomasalanlee",
                            "members.8": "mmhmm",
                            "members.9": "tlwr",
                            "name": "verify-tech-team",
                            "permission": "pull",
                            "privacy": "closed",
                            "slug": "verify-tech-team"
                        },
                        "meta": {},
                        "tainted": false
                    },
                    "deposed": [],
                    "provider": "provider.github"
                },
                "github_team_membership.team_membership": {
                    "type": "github_team_membership",
                    "depends_on": [],
                    "primary": {
                        "id": "2826122:brenetic",
                        "attributes": {
                            "etag": "W/\"7458eb40de541114efa90ad82d87256b\"",
                            "id": "2826122:brenetic",
                            "role": "maintainer",
                            "team_id": "2826122",
                            "username": "brenetic"
                        },
                        "meta": {},
                        "tainted": false
                    },
                    "deposed": [],
                    "provider": "provider.github"
                },
                "github_team_membership.tech_team_approver": {
                    "type": "github_team_membership",
                    "depends_on": [
                        "data.github_team.approvers_team"
                    ],
                    "primary": {
                        "id": "3101758:brenetic",
                        "attributes": {
                            "etag": "W/\"b24fa1824d902e8a106278392b67035d\"",
                            "id": "3101758:brenetic",
                            "role": "member",
                            "team_id": "3101758",
                            "username": "brenetic"
                        },
                        "meta": {},
                        "tainted": false
                    },
                    "deposed": [],
                    "provider": "provider.github"
                },
                "github_team_membership.tech_team_maintainer": {
                    "type": "github_team_membership",
                    "depends_on": [
                        "data.github_team.tech_team"
                    ],
                    "primary": {
                        "id": "2830432:brenetic",
                        "attributes": {
                            "etag": "W/\"dfed9843f359fee0c4b631887cfd7b82\"",
                            "id": "2830432:brenetic",
                            "role": "maintainer",
                            "team_id": "2830432",
                            "username": "brenetic"
                        },
                        "meta": {},
                        "tainted": false
                    },
                    "deposed": [],
                    "provider": "provider.github"
                }
            },
            "depends_on": []
        },
        {
            "path": [
                "root",
                "user_callumknights"
            ],
            "outputs": {},
            "resources": {
                "data.github_team.approvers_team": {
                    "type": "github_team",
                    "depends_on": [],
                    "primary": {
                        "id": "3101758",
                        "attributes": {
                            "description": "Verify tech team: verify-tech-team-approvers",
                            "id": "3101758",
                            "members.#": "30",
                            "members.0": "idrop",
                            "members.1": "46bit",
                            "members.10": "kerrr",
                            "members.11": "vixus0",
                            "members.12": "robinmitra",
                            "members.13": "brenetic",
                            "members.14": "CharlesIC",
                            "members.15": "sakisv",
                            "members.16": "ronocg",
                            "members.17": "Rosa-Fox",
                            "members.18": "chrisclayson",
                            "members.19": "smford",
                            "members.2": "galund",
                            "members.20": "blairboy362",
                            "members.21": "Wynndow",
                            "members.22": "andy-paine",
                            "members.23": "tomrosier",
                            "members.24": "bravegrape",
                            "members.25": "jstandring-gds",
                            "members.26": "mhussein-gds",
                            "members.27": "adityapahuja",
                            "members.28": "rhowe-gds",
                            "members.29": "AmritSidhu",
                            "members.3": "issyl0",
                            "members.4": "phantas",
                            "members.5": "philandstuff",
                            "members.6": "chrisholmes",
                            "members.7": "thomasalanlee",
                            "members.8": "mmhmm",
                            "members.9": "tlwr",
                            "name": "verify-tech-team-approvers",
                            "permission": "pull",
                            "privacy": "closed",
                            "slug": "verify-tech-team-approvers"
                        },
                        "meta": {},
                        "tainted": false
                    },
                    "deposed": [],
                    "provider": "provider.github"
                },
                "data.github_team.tech_team": {
                    "type": "github_team",
                    "depends_on": [],
                    "primary": {
                        "id": "2830432",
                        "attributes": {
                            "description": "Verify Tech Team",
                            "id": "2830432",
                            "members.#": "30",
                            "members.0": "idrop",
                            "members.1": "46bit",
                            "members.10": "kerrr",
                            "members.11": "zilnhoj",
                            "members.12": "vixus0",
                            "members.13": "robinmitra",
                            "members.14": "brenetic",
                            "members.15": "nacnudus",
                            "members.16": "CharlesIC",
                            "members.17": "jkunle",
                            "members.18": "sakisv",
                            "members.19": "stephengrier",
                            "members.2": "galund",
                            "members.20": "ronocg",
                            "members.21": "mikieet",
                            "members.22": "Rosa-Fox",
                            "members.23": "AnneCarr",
                            "members.24": "ida-build-bot",
                            "members.25": "chrisclayson",
                            "members.26": "smford",
                            "members.27": "blairboy362",
                            "members.28": "Wynndow",
                            "members.29": "andy-paine",
                            "members.3": "issyl0",
                            "members.4": "phantas",
                            "members.5": "philandstuff",
                            "members.6": "chrisholmes",
                            "members.7": "thomasalanlee",
                            "members.8": "mmhmm",
                            "members.9": "tlwr",
                            "name": "verify-tech-team",
                            "permission": "pull",
                            "privacy": "closed",
                            "slug": "verify-tech-team"
                        },
                        "meta": {},
                        "tainted": false
                    },
                    "deposed": [],
                    "provider": "provider.github"
                },
                "github_team_membership.team_membership": {
                    "type": "github_team_membership",
                    "depends_on": [],
                    "primary": {
                        "id": "2826122:callumknights",
                        "attributes": {
                            "etag": "W/\"17e961afad5916251163a0c870e67f33\"",
                            "id": "2826122:callumknights",
                            "role": "member",
                            "team_id": "2826122",
                            "username": "callumknights"
                        },
                        "meta": {},
                        "tainted": false
                    },
                    "deposed": [],
                    "provider": "provider.github"
                },
                "github_team_membership.tech_team_approver": {
                    "type": "github_team_membership",
                    "depends_on": [
                        "data.github_team.approvers_team"
                    ],
                    "primary": {
                        "id": "3101758:callumknights",
                        "attributes": {
                            "etag": "W/\"bff1e69d25dfe8b5963d2c222d4f11bd\"",
                            "id": "3101758:callumknights",
                            "role": "member",
                            "team_id": "3101758",
                            "username": "callumknights"
                        },
                        "meta": {},
                        "tainted": false
                    },
                    "deposed": [],
                    "provider": "provider.github"
                }
            },
            "depends_on": []
        },
        {
            "path": [
                "root",
                "user_charlesic"
            ],
            "outputs": {},
            "resources": {
                "data.github_team.approvers_team": {
                    "type": "github_team",
                    "depends_on": [],
                    "primary": {
                        "id": "3101758",
                        "attributes": {
                            "description": "Verify tech team: verify-tech-team-approvers",
                            "id": "3101758",
                            "members.#": "30",
                            "members.0": "idrop",
                            "members.1": "46bit",
                            "members.10": "kerrr",
                            "members.11": "vixus0",
                            "members.12": "robinmitra",
                            "members.13": "brenetic",
                            "members.14": "CharlesIC",
                            "members.15": "sakisv",
                            "members.16": "ronocg",
                            "members.17": "Rosa-Fox",
                            "members.18": "chrisclayson",
                            "members.19": "smford",
                            "members.2": "galund",
                            "members.20": "blairboy362",
                            "members.21": "Wynndow",
                            "members.22": "andy-paine",
                            "members.23": "tomrosier",
                            "members.24": "bravegrape",
                            "members.25": "jstandring-gds",
                            "members.26": "mhussein-gds",
                            "members.27": "adityapahuja",
                            "members.28": "rhowe-gds",
                            "members.29": "AmritSidhu",
                            "members.3": "issyl0",
                            "members.4": "phantas",
                            "members.5": "philandstuff",
                            "members.6": "chrisholmes",
                            "members.7": "thomasalanlee",
                            "members.8": "mmhmm",
                            "members.9": "tlwr",
                            "name": "verify-tech-team-approvers",
                            "permission": "pull",
                            "privacy": "closed",
                            "slug": "verify-tech-team-approvers"
                        },
                        "meta": {},
                        "tainted": false
                    },
                    "deposed": [],
                    "provider": "provider.github"
                },
                "data.github_team.tech_team": {
                    "type": "github_team",
                    "depends_on": [],
                    "primary": {
                        "id": "2830432",
                        "attributes": {
                            "description": "Verify Tech Team",
                            "id": "2830432",
                            "members.#": "30",
                            "members.0": "idrop",
                            "members.1": "46bit",
                            "members.10": "kerrr",
                            "members.11": "zilnhoj",
                            "members.12": "vixus0",
                            "members.13": "robinmitra",
                            "members.14": "brenetic",
                            "members.15": "nacnudus",
                            "members.16": "CharlesIC",
                            "members.17": "jkunle",
                            "members.18": "sakisv",
                            "members.19": "stephengrier",
                            "members.2": "galund",
                            "members.20": "ronocg",
                            "members.21": "mikieet",
                            "members.22": "Rosa-Fox",
                            "members.23": "AnneCarr",
                            "members.24": "ida-build-bot",
                            "members.25": "chrisclayson",
                            "members.26": "smford",
                            "members.27": "blairboy362",
                            "members.28": "Wynndow",
                            "members.29": "andy-paine",
                            "members.3": "issyl0",
                            "members.4": "phantas",
                            "members.5": "philandstuff",
                            "members.6": "chrisholmes",
                            "members.7": "thomasalanlee",
                            "members.8": "mmhmm",
                            "members.9": "tlwr",
                            "name": "verify-tech-team",
                            "permission": "pull",
                            "privacy": "closed",
                            "slug": "verify-tech-team"
                        },
                        "meta": {},
                        "tainted": false
                    },
                    "deposed": [],
                    "provider": "provider.github"
                },
                "github_team_membership.team_membership.0": {
                    "type": "github_team_membership",
                    "depends_on": [],
                    "primary": {
                        "id": "2826122:CharlesIC",
                        "attributes": {
                            "etag": "W/\"f0959314cbf73d0776abbf5d4ad1c03d\"",
                            "id": "2826122:CharlesIC",
                            "role": "member",
                            "team_id": "2826122",
                            "username": "CharlesIC"
                        },
                        "meta": {},
                        "tainted": false
                    },
                    "deposed": [],
                    "provider": "provider.github"
                },
                "github_team_membership.team_membership.1": {
                    "type": "github_team_membership",
                    "depends_on": [],
                    "primary": {
                        "id": "2826126:CharlesIC",
                        "attributes": {
                            "etag": "W/\"a6539e351dd6c3c6d914cc1193731772\"",
                            "id": "2826126:CharlesIC",
                            "role": "member",
                            "team_id": "2826126",
                            "username": "CharlesIC"
                        },
                        "meta": {},
                        "tainted": false
                    },
                    "deposed": [],
                    "provider": "provider.github"
                },
                "github_team_membership.tech_team_approver": {
                    "type": "github_team_membership",
                    "depends_on": [
                        "data.github_team.approvers_team"
                    ],
                    "primary": {
                        "id": "3101758:CharlesIC",
                        "attributes": {
                            "etag": "W/\"2923340f349c163f6f1ca6517c0c9652\"",
                            "id": "3101758:CharlesIC",
                            "role": "member",
                            "team_id": "3101758",
                            "username": "CharlesIC"
                        },
                        "meta": {},
                        "tainted": false
                    },
                    "deposed": [],
                    "provider": "provider.github"
                }
            },
            "depends_on": []
        },
        {
            "path": [
                "root",
                "user_chris_wynne"
            ],
            "outputs": {},
            "resources": {
                "data.github_team.approvers_team": {
                    "type": "github_team",
                    "depends_on": [],
                    "primary": {
                        "id": "3101758",
                        "attributes": {
                            "description": "Verify tech team: verify-tech-team-approvers",
                            "id": "3101758",
                            "members.#": "30",
                            "members.0": "idrop",
                            "members.1": "46bit",
                            "members.10": "kerrr",
                            "members.11": "vixus0",
                            "members.12": "robinmitra",
                            "members.13": "brenetic",
                            "members.14": "CharlesIC",
                            "members.15": "sakisv",
                            "members.16": "ronocg",
                            "members.17": "Rosa-Fox",
                            "members.18": "chrisclayson",
                            "members.19": "smford",
                            "members.2": "galund",
                            "members.20": "blairboy362",
                            "members.21": "Wynndow",
                            "members.22": "andy-paine",
                            "members.23": "tomrosier",
                            "members.24": "bravegrape",
                            "members.25": "jstandring-gds",
                            "members.26": "mhussein-gds",
                            "members.27": "adityapahuja",
                            "members.28": "rhowe-gds",
                            "members.29": "AmritSidhu",
                            "members.3": "issyl0",
                            "members.4": "phantas",
                            "members.5": "philandstuff",
                            "members.6": "chrisholmes",
                            "members.7": "thomasalanlee",
                            "members.8": "mmhmm",
                            "members.9": "tlwr",
                            "name": "verify-tech-team-approvers",
                            "permission": "pull",
                            "privacy": "closed",
                            "slug": "verify-tech-team-approvers"
                        },
                        "meta": {},
                        "tainted": false
                    },
                    "deposed": [],
                    "provider": "provider.github"
                },
                "data.github_team.tech_team": {
                    "type": "github_team",
                    "depends_on": [],
                    "primary": {
                        "id": "2830432",
                        "attributes": {
                            "description": "Verify Tech Team",
                            "id": "2830432",
                            "members.#": "30",
                            "members.0": "idrop",
                            "members.1": "46bit",
                            "members.10": "kerrr",
                            "members.11": "zilnhoj",
                            "members.12": "vixus0",
                            "members.13": "robinmitra",
                            "members.14": "brenetic",
                            "members.15": "nacnudus",
                            "members.16": "CharlesIC",
                            "members.17": "jkunle",
                            "members.18": "sakisv",
                            "members.19": "stephengrier",
                            "members.2": "galund",
                            "members.20": "ronocg",
                            "members.21": "mikieet",
                            "members.22": "Rosa-Fox",
                            "members.23": "AnneCarr",
                            "members.24": "ida-build-bot",
                            "members.25": "chrisclayson",
                            "members.26": "smford",
                            "members.27": "blairboy362",
                            "members.28": "Wynndow",
                            "members.29": "andy-paine",
                            "members.3": "issyl0",
                            "members.4": "phantas",
                            "members.5": "philandstuff",
                            "members.6": "chrisholmes",
                            "members.7": "thomasalanlee",
                            "members.8": "mmhmm",
                            "members.9": "tlwr",
                            "name": "verify-tech-team",
                            "permission": "pull",
                            "privacy": "closed",
                            "slug": "verify-tech-team"
                        },
                        "meta": {},
                        "tainted": false
                    },
                    "deposed": [],
                    "provider": "provider.github"
                },
                "github_team_membership.team_membership.0": {
                    "type": "github_team_membership",
                    "depends_on": [],
                    "primary": {
                        "id": "2826122:Wynndow",
                        "attributes": {
                            "etag": "W/\"fb93341489fc231cabf03dbd611519ce\"",
                            "id": "2826122:Wynndow",
                            "role": "member",
                            "team_id": "2826122",
                            "username": "Wynndow"
                        },
                        "meta": {},
                        "tainted": false
                    },
                    "deposed": [],
                    "provider": "provider.github"
                },
                "github_team_membership.team_membership.1": {
                    "type": "github_team_membership",
                    "depends_on": [],
                    "primary": {
                        "id": "2826126:Wynndow",
                        "attributes": {
                            "etag": "W/\"5b89809e3d9f4fb50adfc8d10eb9f33c\"",
                            "id": "2826126:Wynndow",
                            "role": "member",
                            "team_id": "2826126",
                            "username": "Wynndow"
                        },
                        "meta": {},
                        "tainted": false
                    },
                    "deposed": [],
                    "provider": "provider.github"
                },
                "github_team_membership.tech_team_approver": {
                    "type": "github_team_membership",
                    "depends_on": [
                        "data.github_team.approvers_team"
                    ],
                    "primary": {
                        "id": "3101758:Wynndow",
                        "attributes": {
                            "etag": "W/\"62a18c00a71c22710e5b9c8949eabc54\"",
                            "id": "3101758:Wynndow",
                            "role": "member",
                            "team_id": "3101758",
                            "username": "Wynndow"
                        },
                        "meta": {},
                        "tainted": false
                    },
                    "deposed": [],
                    "provider": "provider.github"
                }
            },
            "depends_on": []
        },
        {
            "path": [
                "root",
                "user_chrisclayson"
            ],
            "outputs": {},
            "resources": {
                "data.github_team.approvers_team": {
                    "type": "github_team",
                    "depends_on": [],
                    "primary": {
                        "id": "3101758",
                        "attributes": {
                            "description": "Verify tech team: verify-tech-team-approvers",
                            "id": "3101758",
                            "members.#": "30",
                            "members.0": "idrop",
                            "members.1": "46bit",
                            "members.10": "kerrr",
                            "members.11": "vixus0",
                            "members.12": "robinmitra",
                            "members.13": "brenetic",
                            "members.14": "CharlesIC",
                            "members.15": "sakisv",
                            "members.16": "ronocg",
                            "members.17": "Rosa-Fox",
                            "members.18": "chrisclayson",
                            "members.19": "smford",
                            "members.2": "galund",
                            "members.20": "blairboy362",
                            "members.21": "Wynndow",
                            "members.22": "andy-paine",
                            "members.23": "tomrosier",
                            "members.24": "bravegrape",
                            "members.25": "jstandring-gds",
                            "members.26": "mhussein-gds",
                            "members.27": "adityapahuja",
                            "members.28": "rhowe-gds",
                            "members.29": "AmritSidhu",
                            "members.3": "issyl0",
                            "members.4": "phantas",
                            "members.5": "philandstuff",
                            "members.6": "chrisholmes",
                            "members.7": "thomasalanlee",
                            "members.8": "mmhmm",
                            "members.9": "tlwr",
                            "name": "verify-tech-team-approvers",
                            "permission": "pull",
                            "privacy": "closed",
                            "slug": "verify-tech-team-approvers"
                        },
                        "meta": {},
                        "tainted": false
                    },
                    "deposed": [],
                    "provider": "provider.github"
                },
                "data.github_team.tech_team": {
                    "type": "github_team",
                    "depends_on": [],
                    "primary": {
                        "id": "2830432",
                        "attributes": {
                            "description": "Verify Tech Team",
                            "id": "2830432",
                            "members.#": "30",
                            "members.0": "idrop",
                            "members.1": "46bit",
                            "members.10": "kerrr",
                            "members.11": "zilnhoj",
                            "members.12": "vixus0",
                            "members.13": "robinmitra",
                            "members.14": "brenetic",
                            "members.15": "nacnudus",
                            "members.16": "CharlesIC",
                            "members.17": "jkunle",
                            "members.18": "sakisv",
                            "members.19": "stephengrier",
                            "members.2": "galund",
                            "members.20": "ronocg",
                            "members.21": "mikieet",
                            "members.22": "Rosa-Fox",
                            "members.23": "AnneCarr",
                            "members.24": "ida-build-bot",
                            "members.25": "chrisclayson",
                            "members.26": "smford",
                            "members.27": "blairboy362",
                            "members.28": "Wynndow",
                            "members.29": "andy-paine",
                            "members.3": "issyl0",
                            "members.4": "phantas",
                            "members.5": "philandstuff",
                            "members.6": "chrisholmes",
                            "members.7": "thomasalanlee",
                            "members.8": "mmhmm",
                            "members.9": "tlwr",
                            "name": "verify-tech-team",
                            "permission": "pull",
                            "privacy": "closed",
                            "slug": "verify-tech-team"
                        },
                        "meta": {},
                        "tainted": false
                    },
                    "deposed": [],
                    "provider": "provider.github"
                },
                "github_team_membership.team_membership": {
                    "type": "github_team_membership",
                    "depends_on": [],
                    "primary": {
                        "id": "2826122:chrisclayson",
                        "attributes": {
                            "etag": "W/\"bf3eea59b02ec748f3a49e83550cd57e\"",
                            "id": "2826122:chrisclayson",
                            "role": "member",
                            "team_id": "2826122",
                            "username": "chrisclayson"
                        },
                        "meta": {},
                        "tainted": false
                    },
                    "deposed": [],
                    "provider": "provider.github"
                },
                "github_team_membership.tech_team_approver": {
                    "type": "github_team_membership",
                    "depends_on": [
                        "data.github_team.approvers_team"
                    ],
                    "primary": {
                        "id": "3101758:chrisclayson",
                        "attributes": {
                            "etag": "W/\"1f485d39a5dddfcb768e237fbf3bc016\"",
                            "id": "3101758:chrisclayson",
                            "role": "member",
                            "team_id": "3101758",
                            "username": "chrisclayson"
                        },
                        "meta": {},
                        "tainted": false
                    },
                    "deposed": [],
                    "provider": "provider.github"
                }
            },
            "depends_on": []
        },
        {
            "path": [
                "root",
                "user_chrisholmes"
            ],
            "outputs": {},
            "resources": {
                "data.github_team.approvers_team": {
                    "type": "github_team",
                    "depends_on": [],
                    "primary": {
                        "id": "3101758",
                        "attributes": {
                            "description": "Verify tech team: verify-tech-team-approvers",
                            "id": "3101758",
                            "members.#": "30",
                            "members.0": "idrop",
                            "members.1": "46bit",
                            "members.10": "kerrr",
                            "members.11": "vixus0",
                            "members.12": "robinmitra",
                            "members.13": "brenetic",
                            "members.14": "CharlesIC",
                            "members.15": "sakisv",
                            "members.16": "ronocg",
                            "members.17": "Rosa-Fox",
                            "members.18": "chrisclayson",
                            "members.19": "smford",
                            "members.2": "galund",
                            "members.20": "blairboy362",
                            "members.21": "Wynndow",
                            "members.22": "andy-paine",
                            "members.23": "tomrosier",
                            "members.24": "bravegrape",
                            "members.25": "jstandring-gds",
                            "members.26": "mhussein-gds",
                            "members.27": "adityapahuja",
                            "members.28": "rhowe-gds",
                            "members.29": "AmritSidhu",
                            "members.3": "issyl0",
                            "members.4": "phantas",
                            "members.5": "philandstuff",
                            "members.6": "chrisholmes",
                            "members.7": "thomasalanlee",
                            "members.8": "mmhmm",
                            "members.9": "tlwr",
                            "name": "verify-tech-team-approvers",
                            "permission": "pull",
                            "privacy": "closed",
                            "slug": "verify-tech-team-approvers"
                        },
                        "meta": {},
                        "tainted": false
                    },
                    "deposed": [],
                    "provider": "provider.github"
                },
                "data.github_team.tech_team": {
                    "type": "github_team",
                    "depends_on": [],
                    "primary": {
                        "id": "2830432",
                        "attributes": {
                            "description": "Verify Tech Team",
                            "id": "2830432",
                            "members.#": "30",
                            "members.0": "idrop",
                            "members.1": "46bit",
                            "members.10": "kerrr",
                            "members.11": "zilnhoj",
                            "members.12": "vixus0",
                            "members.13": "robinmitra",
                            "members.14": "brenetic",
                            "members.15": "nacnudus",
                            "members.16": "CharlesIC",
                            "members.17": "jkunle",
                            "members.18": "sakisv",
                            "members.19": "stephengrier",
                            "members.2": "galund",
                            "members.20": "ronocg",
                            "members.21": "mikieet",
                            "members.22": "Rosa-Fox",
                            "members.23": "AnneCarr",
                            "members.24": "ida-build-bot",
                            "members.25": "chrisclayson",
                            "members.26": "smford",
                            "members.27": "blairboy362",
                            "members.28": "Wynndow",
                            "members.29": "andy-paine",
                            "members.3": "issyl0",
                            "members.4": "phantas",
                            "members.5": "philandstuff",
                            "members.6": "chrisholmes",
                            "members.7": "thomasalanlee",
                            "members.8": "mmhmm",
                            "members.9": "tlwr",
                            "name": "verify-tech-team",
                            "permission": "pull",
                            "privacy": "closed",
                            "slug": "verify-tech-team"
                        },
                        "meta": {},
                        "tainted": false
                    },
                    "deposed": [],
                    "provider": "provider.github"
                },
                "github_team_membership.team_membership.0": {
                    "type": "github_team_membership",
                    "depends_on": [],
                    "primary": {
                        "id": "2826122:chrisholmes",
                        "attributes": {
                            "etag": "W/\"a441f3cd34b71592c783017ca08a0c3c\"",
                            "id": "2826122:chrisholmes",
                            "role": "maintainer",
                            "team_id": "2826122",
                            "username": "chrisholmes"
                        },
                        "meta": {},
                        "tainted": false
                    },
                    "deposed": [],
                    "provider": "provider.github"
                },
                "github_team_membership.team_membership.1": {
                    "type": "github_team_membership",
                    "depends_on": [],
                    "primary": {
                        "id": "2826126:chrisholmes",
                        "attributes": {
                            "etag": "W/\"91c5ff82d290ec1cee967306b2f70998\"",
                            "id": "2826126:chrisholmes",
                            "role": "maintainer",
                            "team_id": "2826126",
                            "username": "chrisholmes"
                        },
                        "meta": {},
                        "tainted": false
                    },
                    "deposed": [],
                    "provider": "provider.github"
                },
                "github_team_membership.team_membership.2": {
                    "type": "github_team_membership",
                    "depends_on": [],
                    "primary": {
                        "id": "2826127:chrisholmes",
                        "attributes": {
                            "etag": "W/\"a94d18275defbfa60265e6a8d5a75790\"",
                            "id": "2826127:chrisholmes",
                            "role": "maintainer",
                            "team_id": "2826127",
                            "username": "chrisholmes"
                        },
                        "meta": {},
                        "tainted": false
                    },
                    "deposed": [],
                    "provider": "provider.github"
                },
                "github_team_membership.tech_team_approver": {
                    "type": "github_team_membership",
                    "depends_on": [
                        "data.github_team.approvers_team"
                    ],
                    "primary": {
                        "id": "3101758:chrisholmes",
                        "attributes": {
                            "etag": "W/\"63b161aa94a62082e0952da212757483\"",
                            "id": "3101758:chrisholmes",
                            "role": "member",
                            "team_id": "3101758",
                            "username": "chrisholmes"
                        },
                        "meta": {},
                        "tainted": false
                    },
                    "deposed": [],
                    "provider": "provider.github"
                },
                "github_team_membership.tech_team_maintainer": {
                    "type": "github_team_membership",
                    "depends_on": [
                        "data.github_team.tech_team"
                    ],
                    "primary": {
                        "id": "2830432:chrisholmes",
                        "attributes": {
                            "etag": "W/\"1d16ae71af133e350f4da57770102d94\"",
                            "id": "2830432:chrisholmes",
                            "role": "maintainer",
                            "team_id": "2830432",
                            "username": "chrisholmes"
                        },
                        "meta": {},
                        "tainted": false
                    },
                    "deposed": [],
                    "provider": "provider.github"
                }
            },
            "depends_on": []
        },
        {
            "path": [
                "root",
                "user_danielblair"
            ],
            "outputs": {},
            "resources": {
                "data.github_team.approvers_team": {
                    "type": "github_team",
                    "depends_on": [],
                    "primary": {
                        "id": "3101758",
                        "attributes": {
                            "description": "Verify tech team: verify-tech-team-approvers",
                            "id": "3101758",
                            "members.#": "30",
                            "members.0": "idrop",
                            "members.1": "46bit",
                            "members.10": "kerrr",
                            "members.11": "vixus0",
                            "members.12": "robinmitra",
                            "members.13": "brenetic",
                            "members.14": "CharlesIC",
                            "members.15": "sakisv",
                            "members.16": "ronocg",
                            "members.17": "Rosa-Fox",
                            "members.18": "chrisclayson",
                            "members.19": "smford",
                            "members.2": "galund",
                            "members.20": "blairboy362",
                            "members.21": "Wynndow",
                            "members.22": "andy-paine",
                            "members.23": "tomrosier",
                            "members.24": "bravegrape",
                            "members.25": "jstandring-gds",
                            "members.26": "mhussein-gds",
                            "members.27": "adityapahuja",
                            "members.28": "rhowe-gds",
                            "members.29": "AmritSidhu",
                            "members.3": "issyl0",
                            "members.4": "phantas",
                            "members.5": "philandstuff",
                            "members.6": "chrisholmes",
                            "members.7": "thomasalanlee",
                            "members.8": "mmhmm",
                            "members.9": "tlwr",
                            "name": "verify-tech-team-approvers",
                            "permission": "pull",
                            "privacy": "closed",
                            "slug": "verify-tech-team-approvers"
                        },
                        "meta": {},
                        "tainted": false
                    },
                    "deposed": [],
                    "provider": "provider.github"
                },
                "data.github_team.tech_team": {
                    "type": "github_team",
                    "depends_on": [],
                    "primary": {
                        "id": "2830432",
                        "attributes": {
                            "description": "Verify Tech Team",
                            "id": "2830432",
                            "members.#": "30",
                            "members.0": "idrop",
                            "members.1": "46bit",
                            "members.10": "kerrr",
                            "members.11": "zilnhoj",
                            "members.12": "vixus0",
                            "members.13": "robinmitra",
                            "members.14": "brenetic",
                            "members.15": "nacnudus",
                            "members.16": "CharlesIC",
                            "members.17": "jkunle",
                            "members.18": "sakisv",
                            "members.19": "stephengrier",
                            "members.2": "galund",
                            "members.20": "ronocg",
                            "members.21": "mikieet",
                            "members.22": "Rosa-Fox",
                            "members.23": "AnneCarr",
                            "members.24": "ida-build-bot",
                            "members.25": "chrisclayson",
                            "members.26": "smford",
                            "members.27": "blairboy362",
                            "members.28": "Wynndow",
                            "members.29": "andy-paine",
                            "members.3": "issyl0",
                            "members.4": "phantas",
                            "members.5": "philandstuff",
                            "members.6": "chrisholmes",
                            "members.7": "thomasalanlee",
                            "members.8": "mmhmm",
                            "members.9": "tlwr",
                            "name": "verify-tech-team",
                            "permission": "pull",
                            "privacy": "closed",
                            "slug": "verify-tech-team"
                        },
                        "meta": {},
                        "tainted": false
                    },
                    "deposed": [],
                    "provider": "provider.github"
                },
                "github_team_membership.team_membership.0": {
                    "type": "github_team_membership",
                    "depends_on": [],
                    "primary": {
                        "id": "2826122:blairboy362",
                        "attributes": {
                            "etag": "W/\"b543bfce0e594281192b7a2933f1b196\"",
                            "id": "2826122:blairboy362",
                            "role": "member",
                            "team_id": "2826122",
                            "username": "blairboy362"
                        },
                        "meta": {},
                        "tainted": false
                    },
                    "deposed": [],
                    "provider": "provider.github"
                },
                "github_team_membership.team_membership.1": {
                    "type": "github_team_membership",
                    "depends_on": [],
                    "primary": {
                        "id": "2826126:blairboy362",
                        "attributes": {
                            "etag": "W/\"bb2036300cca26e614bb1dbcefdb5230\"",
                            "id": "2826126:blairboy362",
                            "role": "member",
                            "team_id": "2826126",
                            "username": "blairboy362"
                        },
                        "meta": {},
                        "tainted": false
                    },
                    "deposed": [],
                    "provider": "provider.github"
                },
                "github_team_membership.tech_team_approver": {
                    "type": "github_team_membership",
                    "depends_on": [
                        "data.github_team.approvers_team"
                    ],
                    "primary": {
                        "id": "3101758:blairboy362",
                        "attributes": {
                            "etag": "W/\"6d9ec5b5605c95ec0fe4c8acdf63592a\"",
                            "id": "3101758:blairboy362",
                            "role": "member",
                            "team_id": "3101758",
                            "username": "blairboy362"
                        },
                        "meta": {},
                        "tainted": false
                    },
                    "deposed": [],
                    "provider": "provider.github"
                }
            },
            "depends_on": []
        },
        {
            "path": [
                "root",
                "user_dbes_gds"
            ],
            "outputs": {},
            "resources": {
                "data.github_team.approvers_team": {
                    "type": "github_team",
                    "depends_on": [],
                    "primary": {
                        "id": "3101758",
                        "attributes": {
                            "description": "Verify tech team: verify-tech-team-approvers",
                            "id": "3101758",
                            "members.#": "30",
                            "members.0": "idrop",
                            "members.1": "46bit",
                            "members.10": "kerrr",
                            "members.11": "vixus0",
                            "members.12": "robinmitra",
                            "members.13": "brenetic",
                            "members.14": "CharlesIC",
                            "members.15": "sakisv",
                            "members.16": "ronocg",
                            "members.17": "Rosa-Fox",
                            "members.18": "chrisclayson",
                            "members.19": "smford",
                            "members.2": "galund",
                            "members.20": "blairboy362",
                            "members.21": "Wynndow",
                            "members.22": "andy-paine",
                            "members.23": "tomrosier",
                            "members.24": "bravegrape",
                            "members.25": "jstandring-gds",
                            "members.26": "mhussein-gds",
                            "members.27": "adityapahuja",
                            "members.28": "rhowe-gds",
                            "members.29": "AmritSidhu",
                            "members.3": "issyl0",
                            "members.4": "phantas",
                            "members.5": "philandstuff",
                            "members.6": "chrisholmes",
                            "members.7": "thomasalanlee",
                            "members.8": "mmhmm",
                            "members.9": "tlwr",
                            "name": "verify-tech-team-approvers",
                            "permission": "pull",
                            "privacy": "closed",
                            "slug": "verify-tech-team-approvers"
                        },
                        "meta": {},
                        "tainted": false
                    },
                    "deposed": [],
                    "provider": "provider.github"
                },
                "data.github_team.tech_team": {
                    "type": "github_team",
                    "depends_on": [],
                    "primary": {
                        "id": "2830432",
                        "attributes": {
                            "description": "Verify Tech Team",
                            "id": "2830432",
                            "members.#": "30",
                            "members.0": "idrop",
                            "members.1": "46bit",
                            "members.10": "kerrr",
                            "members.11": "zilnhoj",
                            "members.12": "vixus0",
                            "members.13": "robinmitra",
                            "members.14": "brenetic",
                            "members.15": "nacnudus",
                            "members.16": "CharlesIC",
                            "members.17": "jkunle",
                            "members.18": "sakisv",
                            "members.19": "stephengrier",
                            "members.2": "galund",
                            "members.20": "ronocg",
                            "members.21": "mikieet",
                            "members.22": "Rosa-Fox",
                            "members.23": "AnneCarr",
                            "members.24": "ida-build-bot",
                            "members.25": "chrisclayson",
                            "members.26": "smford",
                            "members.27": "blairboy362",
                            "members.28": "Wynndow",
                            "members.29": "andy-paine",
                            "members.3": "issyl0",
                            "members.4": "phantas",
                            "members.5": "philandstuff",
                            "members.6": "chrisholmes",
                            "members.7": "thomasalanlee",
                            "members.8": "mmhmm",
                            "members.9": "tlwr",
                            "name": "verify-tech-team",
                            "permission": "pull",
                            "privacy": "closed",
                            "slug": "verify-tech-team"
                        },
                        "meta": {},
                        "tainted": false
                    },
                    "deposed": [],
                    "provider": "provider.github"
                },
                "github_team_membership.team_membership.0": {
                    "type": "github_team_membership",
                    "depends_on": [],
                    "primary": {
                        "id": "2826122:dbes-gds",
                        "attributes": {
                            "etag": "W/\"150af4e1ddc1f23ea9ae21b83ae56ab3\"",
                            "id": "2826122:dbes-gds",
                            "role": "member",
                            "team_id": "2826122",
                            "username": "dbes-gds"
                        },
                        "meta": {},
                        "tainted": false
                    },
                    "deposed": [],
                    "provider": "provider.github"
                },
                "github_team_membership.team_membership.1": {
                    "type": "github_team_membership",
                    "depends_on": [],
                    "primary": {
                        "id": "2826126:dbes-gds",
                        "attributes": {
                            "etag": "W/\"12f4c54fbc803b52f11d4499ed384707\"",
                            "id": "2826126:dbes-gds",
                            "role": "member",
                            "team_id": "2826126",
                            "username": "dbes-gds"
                        },
                        "meta": {},
                        "tainted": false
                    },
                    "deposed": [],
                    "provider": "provider.github"
                },
                "github_team_membership.tech_team_approver": {
                    "type": "github_team_membership",
                    "depends_on": [
                        "data.github_team.approvers_team"
                    ],
                    "primary": {
                        "id": "3101758:dbes-gds",
                        "attributes": {
                            "etag": "W/\"fa4fbfe6c16ae66a5c2f241404632741\"",
                            "id": "3101758:dbes-gds",
                            "role": "member",
                            "team_id": "3101758",
                            "username": "dbes-gds"
                        },
                        "meta": {},
                        "tainted": false
                    },
                    "deposed": [],
                    "provider": "provider.github"
                }
            },
            "depends_on": []
        },
        {
            "path": [
                "root",
                "user_galund"
            ],
            "outputs": {},
            "resources": {
                "data.github_team.approvers_team": {
                    "type": "github_team",
                    "depends_on": [],
                    "primary": {
                        "id": "3101758",
                        "attributes": {
                            "description": "Verify tech team: verify-tech-team-approvers",
                            "id": "3101758",
                            "members.#": "30",
                            "members.0": "idrop",
                            "members.1": "46bit",
                            "members.10": "kerrr",
                            "members.11": "vixus0",
                            "members.12": "robinmitra",
                            "members.13": "brenetic",
                            "members.14": "CharlesIC",
                            "members.15": "sakisv",
                            "members.16": "ronocg",
                            "members.17": "Rosa-Fox",
                            "members.18": "chrisclayson",
                            "members.19": "smford",
                            "members.2": "galund",
                            "members.20": "blairboy362",
                            "members.21": "Wynndow",
                            "members.22": "andy-paine",
                            "members.23": "tomrosier",
                            "members.24": "bravegrape",
                            "members.25": "jstandring-gds",
                            "members.26": "mhussein-gds",
                            "members.27": "adityapahuja",
                            "members.28": "rhowe-gds",
                            "members.29": "AmritSidhu",
                            "members.3": "issyl0",
                            "members.4": "phantas",
                            "members.5": "philandstuff",
                            "members.6": "chrisholmes",
                            "members.7": "thomasalanlee",
                            "members.8": "mmhmm",
                            "members.9": "tlwr",
                            "name": "verify-tech-team-approvers",
                            "permission": "pull",
                            "privacy": "closed",
                            "slug": "verify-tech-team-approvers"
                        },
                        "meta": {},
                        "tainted": false
                    },
                    "deposed": [],
                    "provider": "provider.github"
                },
                "data.github_team.tech_team": {
                    "type": "github_team",
                    "depends_on": [],
                    "primary": {
                        "id": "2830432",
                        "attributes": {
                            "description": "Verify Tech Team",
                            "id": "2830432",
                            "members.#": "30",
                            "members.0": "idrop",
                            "members.1": "46bit",
                            "members.10": "kerrr",
                            "members.11": "zilnhoj",
                            "members.12": "vixus0",
                            "members.13": "robinmitra",
                            "members.14": "brenetic",
                            "members.15": "nacnudus",
                            "members.16": "CharlesIC",
                            "members.17": "jkunle",
                            "members.18": "sakisv",
                            "members.19": "stephengrier",
                            "members.2": "galund",
                            "members.20": "ronocg",
                            "members.21": "mikieet",
                            "members.22": "Rosa-Fox",
                            "members.23": "AnneCarr",
                            "members.24": "ida-build-bot",
                            "members.25": "chrisclayson",
                            "members.26": "smford",
                            "members.27": "blairboy362",
                            "members.28": "Wynndow",
                            "members.29": "andy-paine",
                            "members.3": "issyl0",
                            "members.4": "phantas",
                            "members.5": "philandstuff",
                            "members.6": "chrisholmes",
                            "members.7": "thomasalanlee",
                            "members.8": "mmhmm",
                            "members.9": "tlwr",
                            "name": "verify-tech-team",
                            "permission": "pull",
                            "privacy": "closed",
                            "slug": "verify-tech-team"
                        },
                        "meta": {},
                        "tainted": false
                    },
                    "deposed": [],
                    "provider": "provider.github"
                },
                "github_team_membership.team_membership": {
                    "type": "github_team_membership",
                    "depends_on": [],
                    "primary": {
                        "id": "2826122:galund",
                        "attributes": {
                            "etag": "W/\"28a52eea6d1c350d44ab012bbb11c138\"",
                            "id": "2826122:galund",
                            "role": "member",
                            "team_id": "2826122",
                            "username": "galund"
                        },
                        "meta": {},
                        "tainted": false
                    },
                    "deposed": [],
                    "provider": "provider.github"
                },
                "github_team_membership.tech_team_approver": {
                    "type": "github_team_membership",
                    "depends_on": [
                        "data.github_team.approvers_team"
                    ],
                    "primary": {
                        "id": "3101758:galund",
                        "attributes": {
                            "etag": "W/\"6c53cc06e4ee5c0d28edb322b3a22de1\"",
                            "id": "3101758:galund",
                            "role": "member",
                            "team_id": "3101758",
                            "username": "galund"
                        },
                        "meta": {},
                        "tainted": false
                    },
                    "deposed": [],
                    "provider": "provider.github"
                }
            },
            "depends_on": []
        },
        {
            "path": [
                "root",
                "user_gdsnewt"
            ],
            "outputs": {},
            "resources": {
                "data.github_team.approvers_team": {
                    "type": "github_team",
                    "depends_on": [],
                    "primary": {
                        "id": "3101758",
                        "attributes": {
                            "description": "Verify tech team: verify-tech-team-approvers",
                            "id": "3101758",
                            "members.#": "30",
                            "members.0": "idrop",
                            "members.1": "46bit",
                            "members.10": "kerrr",
                            "members.11": "vixus0",
                            "members.12": "robinmitra",
                            "members.13": "brenetic",
                            "members.14": "CharlesIC",
                            "members.15": "sakisv",
                            "members.16": "ronocg",
                            "members.17": "Rosa-Fox",
                            "members.18": "chrisclayson",
                            "members.19": "smford",
                            "members.2": "galund",
                            "members.20": "blairboy362",
                            "members.21": "Wynndow",
                            "members.22": "andy-paine",
                            "members.23": "tomrosier",
                            "members.24": "bravegrape",
                            "members.25": "jstandring-gds",
                            "members.26": "mhussein-gds",
                            "members.27": "adityapahuja",
                            "members.28": "rhowe-gds",
                            "members.29": "AmritSidhu",
                            "members.3": "issyl0",
                            "members.4": "phantas",
                            "members.5": "philandstuff",
                            "members.6": "chrisholmes",
                            "members.7": "thomasalanlee",
                            "members.8": "mmhmm",
                            "members.9": "tlwr",
                            "name": "verify-tech-team-approvers",
                            "permission": "pull",
                            "privacy": "closed",
                            "slug": "verify-tech-team-approvers"
                        },
                        "meta": {},
                        "tainted": false
                    },
                    "deposed": [],
                    "provider": "provider.github"
                },
                "data.github_team.tech_team": {
                    "type": "github_team",
                    "depends_on": [],
                    "primary": {
                        "id": "2830432",
                        "attributes": {
                            "description": "Verify Tech Team",
                            "id": "2830432",
                            "members.#": "30",
                            "members.0": "idrop",
                            "members.1": "46bit",
                            "members.10": "kerrr",
                            "members.11": "zilnhoj",
                            "members.12": "vixus0",
                            "members.13": "robinmitra",
                            "members.14": "brenetic",
                            "members.15": "nacnudus",
                            "members.16": "CharlesIC",
                            "members.17": "jkunle",
                            "members.18": "sakisv",
                            "members.19": "stephengrier",
                            "members.2": "galund",
                            "members.20": "ronocg",
                            "members.21": "mikieet",
                            "members.22": "Rosa-Fox",
                            "members.23": "AnneCarr",
                            "members.24": "ida-build-bot",
                            "members.25": "chrisclayson",
                            "members.26": "smford",
                            "members.27": "blairboy362",
                            "members.28": "Wynndow",
                            "members.29": "andy-paine",
                            "members.3": "issyl0",
                            "members.4": "phantas",
                            "members.5": "philandstuff",
                            "members.6": "chrisholmes",
                            "members.7": "thomasalanlee",
                            "members.8": "mmhmm",
                            "members.9": "tlwr",
                            "name": "verify-tech-team",
                            "permission": "pull",
                            "privacy": "closed",
                            "slug": "verify-tech-team"
                        },
                        "meta": {},
                        "tainted": false
                    },
                    "deposed": [],
                    "provider": "provider.github"
                },
                "github_team_membership.team_membership": {
                    "type": "github_team_membership",
                    "depends_on": [],
                    "primary": {
                        "id": "2826122:GDSNewt",
                        "attributes": {
                            "etag": "W/\"ccca307800f14f07bc5ce0a38363c659\"",
                            "id": "2826122:GDSNewt",
                            "role": "member",
                            "team_id": "2826122",
                            "username": "GDSNewt"
                        },
                        "meta": {},
                        "tainted": false
                    },
                    "deposed": [],
                    "provider": "provider.github"
                }
            },
            "depends_on": []
        },
        {
            "path": [
                "root",
                "user_ida_build_bot"
            ],
            "outputs": {},
            "resources": {
                "data.github_team.approvers_team": {
                    "type": "github_team",
                    "depends_on": [],
                    "primary": {
                        "id": "3101758",
                        "attributes": {
                            "description": "Verify tech team: verify-tech-team-approvers",
                            "id": "3101758",
                            "members.#": "30",
                            "members.0": "idrop",
                            "members.1": "46bit",
                            "members.10": "kerrr",
                            "members.11": "vixus0",
                            "members.12": "robinmitra",
                            "members.13": "brenetic",
                            "members.14": "CharlesIC",
                            "members.15": "sakisv",
                            "members.16": "ronocg",
                            "members.17": "Rosa-Fox",
                            "members.18": "chrisclayson",
                            "members.19": "smford",
                            "members.2": "galund",
                            "members.20": "blairboy362",
                            "members.21": "Wynndow",
                            "members.22": "andy-paine",
                            "members.23": "tomrosier",
                            "members.24": "bravegrape",
                            "members.25": "jstandring-gds",
                            "members.26": "mhussein-gds",
                            "members.27": "adityapahuja",
                            "members.28": "rhowe-gds",
                            "members.29": "AmritSidhu",
                            "members.3": "issyl0",
                            "members.4": "phantas",
                            "members.5": "philandstuff",
                            "members.6": "chrisholmes",
                            "members.7": "thomasalanlee",
                            "members.8": "mmhmm",
                            "members.9": "tlwr",
                            "name": "verify-tech-team-approvers",
                            "permission": "pull",
                            "privacy": "closed",
                            "slug": "verify-tech-team-approvers"
                        },
                        "meta": {},
                        "tainted": false
                    },
                    "deposed": [],
                    "provider": "provider.github"
                },
                "data.github_team.tech_team": {
                    "type": "github_team",
                    "depends_on": [],
                    "primary": {
                        "id": "2830432",
                        "attributes": {
                            "description": "Verify Tech Team",
                            "id": "2830432",
                            "members.#": "30",
                            "members.0": "idrop",
                            "members.1": "46bit",
                            "members.10": "kerrr",
                            "members.11": "zilnhoj",
                            "members.12": "vixus0",
                            "members.13": "robinmitra",
                            "members.14": "brenetic",
                            "members.15": "nacnudus",
                            "members.16": "CharlesIC",
                            "members.17": "jkunle",
                            "members.18": "sakisv",
                            "members.19": "stephengrier",
                            "members.2": "galund",
                            "members.20": "ronocg",
                            "members.21": "mikieet",
                            "members.22": "Rosa-Fox",
                            "members.23": "AnneCarr",
                            "members.24": "ida-build-bot",
                            "members.25": "chrisclayson",
                            "members.26": "smford",
                            "members.27": "blairboy362",
                            "members.28": "Wynndow",
                            "members.29": "andy-paine",
                            "members.3": "issyl0",
                            "members.4": "phantas",
                            "members.5": "philandstuff",
                            "members.6": "chrisholmes",
                            "members.7": "thomasalanlee",
                            "members.8": "mmhmm",
                            "members.9": "tlwr",
                            "name": "verify-tech-team",
                            "permission": "pull",
                            "privacy": "closed",
                            "slug": "verify-tech-team"
                        },
                        "meta": {},
                        "tainted": false
                    },
                    "deposed": [],
                    "provider": "provider.github"
                },
                "github_team_membership.team_membership.0": {
                    "type": "github_team_membership",
                    "depends_on": [],
                    "primary": {
                        "id": "2826122:ida-build-bot",
                        "attributes": {
                            "etag": "W/\"d29db8a44faa197342e30295e46d59af\"",
                            "id": "2826122:ida-build-bot",
                            "role": "member",
                            "team_id": "2826122",
                            "username": "ida-build-bot"
                        },
                        "meta": {},
                        "tainted": false
                    },
                    "deposed": [],
                    "provider": "provider.github"
                },
                "github_team_membership.team_membership.1": {
                    "type": "github_team_membership",
                    "depends_on": [],
                    "primary": {
                        "id": "2826126:ida-build-bot",
                        "attributes": {
                            "etag": "W/\"6df9ee32f32460e067f1b43d044c4907\"",
                            "id": "2826126:ida-build-bot",
                            "role": "member",
                            "team_id": "2826126",
                            "username": "ida-build-bot"
                        },
                        "meta": {},
                        "tainted": false
                    },
                    "deposed": [],
                    "provider": "provider.github"
                }
            },
            "depends_on": []
        },
        {
            "path": [
                "root",
                "user_idacodacybot"
            ],
            "outputs": {},
            "resources": {
                "data.github_team.approvers_team": {
                    "type": "github_team",
                    "depends_on": [],
                    "primary": {
                        "id": "3101758",
                        "attributes": {
                            "description": "Verify tech team: verify-tech-team-approvers",
                            "id": "3101758",
                            "members.#": "30",
                            "members.0": "idrop",
                            "members.1": "46bit",
                            "members.10": "kerrr",
                            "members.11": "vixus0",
                            "members.12": "robinmitra",
                            "members.13": "brenetic",
                            "members.14": "CharlesIC",
                            "members.15": "sakisv",
                            "members.16": "ronocg",
                            "members.17": "Rosa-Fox",
                            "members.18": "chrisclayson",
                            "members.19": "smford",
                            "members.2": "galund",
                            "members.20": "blairboy362",
                            "members.21": "Wynndow",
                            "members.22": "andy-paine",
                            "members.23": "tomrosier",
                            "members.24": "bravegrape",
                            "members.25": "jstandring-gds",
                            "members.26": "mhussein-gds",
                            "members.27": "adityapahuja",
                            "members.28": "rhowe-gds",
                            "members.29": "AmritSidhu",
                            "members.3": "issyl0",
                            "members.4": "phantas",
                            "members.5": "philandstuff",
                            "members.6": "chrisholmes",
                            "members.7": "thomasalanlee",
                            "members.8": "mmhmm",
                            "members.9": "tlwr",
                            "name": "verify-tech-team-approvers",
                            "permission": "pull",
                            "privacy": "closed",
                            "slug": "verify-tech-team-approvers"
                        },
                        "meta": {},
                        "tainted": false
                    },
                    "deposed": [],
                    "provider": "provider.github"
                },
                "data.github_team.tech_team": {
                    "type": "github_team",
                    "depends_on": [],
                    "primary": {
                        "id": "2830432",
                        "attributes": {
                            "description": "Verify Tech Team",
                            "id": "2830432",
                            "members.#": "30",
                            "members.0": "idrop",
                            "members.1": "46bit",
                            "members.10": "kerrr",
                            "members.11": "zilnhoj",
                            "members.12": "vixus0",
                            "members.13": "robinmitra",
                            "members.14": "brenetic",
                            "members.15": "nacnudus",
                            "members.16": "CharlesIC",
                            "members.17": "jkunle",
                            "members.18": "sakisv",
                            "members.19": "stephengrier",
                            "members.2": "galund",
                            "members.20": "ronocg",
                            "members.21": "mikieet",
                            "members.22": "Rosa-Fox",
                            "members.23": "AnneCarr",
                            "members.24": "ida-build-bot",
                            "members.25": "chrisclayson",
                            "members.26": "smford",
                            "members.27": "blairboy362",
                            "members.28": "Wynndow",
                            "members.29": "andy-paine",
                            "members.3": "issyl0",
                            "members.4": "phantas",
                            "members.5": "philandstuff",
                            "members.6": "chrisholmes",
                            "members.7": "thomasalanlee",
                            "members.8": "mmhmm",
                            "members.9": "tlwr",
                            "name": "verify-tech-team",
                            "permission": "pull",
                            "privacy": "closed",
                            "slug": "verify-tech-team"
                        },
                        "meta": {},
                        "tainted": false
                    },
                    "deposed": [],
                    "provider": "provider.github"
                },
                "github_team_membership.team_membership.0": {
                    "type": "github_team_membership",
                    "depends_on": [],
                    "primary": {
                        "id": "2826122:ida-codacy-bot",
                        "attributes": {
                            "etag": "W/\"4dbd2a1033261e05e5b746c448472502\"",
                            "id": "2826122:ida-codacy-bot",
                            "role": "member",
                            "team_id": "2826122",
                            "username": "ida-codacy-bot"
                        },
                        "meta": {},
                        "tainted": false
                    },
                    "deposed": [],
                    "provider": "provider.github"
                },
                "github_team_membership.team_membership.1": {
                    "type": "github_team_membership",
                    "depends_on": [],
                    "primary": {
                        "id": "2826126:ida-codacy-bot",
                        "attributes": {
                            "etag": "W/\"4ed3b1705761e5a1ec84c1eed91bda6e\"",
                            "id": "2826126:ida-codacy-bot",
                            "role": "member",
                            "team_id": "2826126",
                            "username": "ida-codacy-bot"
                        },
                        "meta": {},
                        "tainted": false
                    },
                    "deposed": [],
                    "provider": "provider.github"
                }
            },
            "depends_on": []
        },
        {
            "path": [
                "root",
                "user_idrop"
            ],
            "outputs": {},
            "resources": {
                "data.github_team.approvers_team": {
                    "type": "github_team",
                    "depends_on": [],
                    "primary": {
                        "id": "3101758",
                        "attributes": {
                            "description": "Verify tech team: verify-tech-team-approvers",
                            "id": "3101758",
                            "members.#": "30",
                            "members.0": "idrop",
                            "members.1": "46bit",
                            "members.10": "kerrr",
                            "members.11": "vixus0",
                            "members.12": "robinmitra",
                            "members.13": "brenetic",
                            "members.14": "CharlesIC",
                            "members.15": "sakisv",
                            "members.16": "ronocg",
                            "members.17": "Rosa-Fox",
                            "members.18": "chrisclayson",
                            "members.19": "smford",
                            "members.2": "galund",
                            "members.20": "blairboy362",
                            "members.21": "Wynndow",
                            "members.22": "andy-paine",
                            "members.23": "tomrosier",
                            "members.24": "bravegrape",
                            "members.25": "jstandring-gds",
                            "members.26": "mhussein-gds",
                            "members.27": "adityapahuja",
                            "members.28": "rhowe-gds",
                            "members.29": "AmritSidhu",
                            "members.3": "issyl0",
                            "members.4": "phantas",
                            "members.5": "philandstuff",
                            "members.6": "chrisholmes",
                            "members.7": "thomasalanlee",
                            "members.8": "mmhmm",
                            "members.9": "tlwr",
                            "name": "verify-tech-team-approvers",
                            "permission": "pull",
                            "privacy": "closed",
                            "slug": "verify-tech-team-approvers"
                        },
                        "meta": {},
                        "tainted": false
                    },
                    "deposed": [],
                    "provider": "provider.github"
                },
                "data.github_team.tech_team": {
                    "type": "github_team",
                    "depends_on": [],
                    "primary": {
                        "id": "2830432",
                        "attributes": {
                            "description": "Verify Tech Team",
                            "id": "2830432",
                            "members.#": "30",
                            "members.0": "idrop",
                            "members.1": "46bit",
                            "members.10": "kerrr",
                            "members.11": "zilnhoj",
                            "members.12": "vixus0",
                            "members.13": "robinmitra",
                            "members.14": "brenetic",
                            "members.15": "nacnudus",
                            "members.16": "CharlesIC",
                            "members.17": "jkunle",
                            "members.18": "sakisv",
                            "members.19": "stephengrier",
                            "members.2": "galund",
                            "members.20": "ronocg",
                            "members.21": "mikieet",
                            "members.22": "Rosa-Fox",
                            "members.23": "AnneCarr",
                            "members.24": "ida-build-bot",
                            "members.25": "chrisclayson",
                            "members.26": "smford",
                            "members.27": "blairboy362",
                            "members.28": "Wynndow",
                            "members.29": "andy-paine",
                            "members.3": "issyl0",
                            "members.4": "phantas",
                            "members.5": "philandstuff",
                            "members.6": "chrisholmes",
                            "members.7": "thomasalanlee",
                            "members.8": "mmhmm",
                            "members.9": "tlwr",
                            "name": "verify-tech-team",
                            "permission": "pull",
                            "privacy": "closed",
                            "slug": "verify-tech-team"
                        },
                        "meta": {},
                        "tainted": false
                    },
                    "deposed": [],
                    "provider": "provider.github"
                },
                "github_team_membership.team_membership.0": {
                    "type": "github_team_membership",
                    "depends_on": [],
                    "primary": {
                        "id": "2826122:idrop",
                        "attributes": {
                            "etag": "W/\"6f8f6b2b98629b2d66c31a6c764304c8\"",
                            "id": "2826122:idrop",
                            "role": "member",
                            "team_id": "2826122",
                            "username": "idrop"
                        },
                        "meta": {},
                        "tainted": false
                    },
                    "deposed": [],
                    "provider": "provider.github"
                },
                "github_team_membership.team_membership.1": {
                    "type": "github_team_membership",
                    "depends_on": [],
                    "primary": {
                        "id": "2826126:idrop",
                        "attributes": {
                            "etag": "W/\"a2688622a0353602374154249e4b44a3\"",
                            "id": "2826126:idrop",
                            "role": "member",
                            "team_id": "2826126",
                            "username": "idrop"
                        },
                        "meta": {},
                        "tainted": false
                    },
                    "deposed": [],
                    "provider": "provider.github"
                },
                "github_team_membership.tech_team_approver": {
                    "type": "github_team_membership",
                    "depends_on": [
                        "data.github_team.approvers_team"
                    ],
                    "primary": {
                        "id": "3101758:idrop",
                        "attributes": {
                            "etag": "W/\"57b8ef5b3a38e25b56fbc740951da2d2\"",
                            "id": "3101758:idrop",
                            "role": "member",
                            "team_id": "3101758",
                            "username": "idrop"
                        },
                        "meta": {},
                        "tainted": false
                    },
                    "deposed": [],
                    "provider": "provider.github"
                }
            },
            "depends_on": []
        },
        {
            "path": [
                "root",
                "user_issyl0"
            ],
            "outputs": {},
            "resources": {
                "data.github_team.approvers_team": {
                    "type": "github_team",
                    "depends_on": [],
                    "primary": {
                        "id": "3101758",
                        "attributes": {
                            "description": "Verify tech team: verify-tech-team-approvers",
                            "id": "3101758",
                            "members.#": "30",
                            "members.0": "idrop",
                            "members.1": "46bit",
                            "members.10": "kerrr",
                            "members.11": "vixus0",
                            "members.12": "robinmitra",
                            "members.13": "brenetic",
                            "members.14": "CharlesIC",
                            "members.15": "sakisv",
                            "members.16": "ronocg",
                            "members.17": "Rosa-Fox",
                            "members.18": "chrisclayson",
                            "members.19": "smford",
                            "members.2": "galund",
                            "members.20": "blairboy362",
                            "members.21": "Wynndow",
                            "members.22": "andy-paine",
                            "members.23": "tomrosier",
                            "members.24": "bravegrape",
                            "members.25": "jstandring-gds",
                            "members.26": "mhussein-gds",
                            "members.27": "adityapahuja",
                            "members.28": "rhowe-gds",
                            "members.29": "AmritSidhu",
                            "members.3": "issyl0",
                            "members.4": "phantas",
                            "members.5": "philandstuff",
                            "members.6": "chrisholmes",
                            "members.7": "thomasalanlee",
                            "members.8": "mmhmm",
                            "members.9": "tlwr",
                            "name": "verify-tech-team-approvers",
                            "permission": "pull",
                            "privacy": "closed",
                            "slug": "verify-tech-team-approvers"
                        },
                        "meta": {},
                        "tainted": false
                    },
                    "deposed": [],
                    "provider": "provider.github"
                },
                "data.github_team.tech_team": {
                    "type": "github_team",
                    "depends_on": [],
                    "primary": {
                        "id": "2830432",
                        "attributes": {
                            "description": "Verify Tech Team",
                            "id": "2830432",
                            "members.#": "30",
                            "members.0": "idrop",
                            "members.1": "46bit",
                            "members.10": "kerrr",
                            "members.11": "zilnhoj",
                            "members.12": "vixus0",
                            "members.13": "robinmitra",
                            "members.14": "brenetic",
                            "members.15": "nacnudus",
                            "members.16": "CharlesIC",
                            "members.17": "jkunle",
                            "members.18": "sakisv",
                            "members.19": "stephengrier",
                            "members.2": "galund",
                            "members.20": "ronocg",
                            "members.21": "mikieet",
                            "members.22": "Rosa-Fox",
                            "members.23": "AnneCarr",
                            "members.24": "ida-build-bot",
                            "members.25": "chrisclayson",
                            "members.26": "smford",
                            "members.27": "blairboy362",
                            "members.28": "Wynndow",
                            "members.29": "andy-paine",
                            "members.3": "issyl0",
                            "members.4": "phantas",
                            "members.5": "philandstuff",
                            "members.6": "chrisholmes",
                            "members.7": "thomasalanlee",
                            "members.8": "mmhmm",
                            "members.9": "tlwr",
                            "name": "verify-tech-team",
                            "permission": "pull",
                            "privacy": "closed",
                            "slug": "verify-tech-team"
                        },
                        "meta": {},
                        "tainted": false
                    },
                    "deposed": [],
                    "provider": "provider.github"
                },
                "github_team_membership.team_membership.0": {
                    "type": "github_team_membership",
                    "depends_on": [],
                    "primary": {
                        "id": "2826122:issyl0",
                        "attributes": {
                            "etag": "W/\"f5d056cdfef002c7f8c22ac3dcfc7f27\"",
                            "id": "2826122:issyl0",
                            "role": "member",
                            "team_id": "2826122",
                            "username": "issyl0"
                        },
                        "meta": {},
                        "tainted": false
                    },
                    "deposed": [],
                    "provider": "provider.github"
                },
                "github_team_membership.team_membership.1": {
                    "type": "github_team_membership",
                    "depends_on": [],
                    "primary": {
                        "id": "2826127:issyl0",
                        "attributes": {
                            "etag": "W/\"9936e9a6c9e4f7376c903dca5218af29\"",
                            "id": "2826127:issyl0",
                            "role": "member",
                            "team_id": "2826127",
                            "username": "issyl0"
                        },
                        "meta": {},
                        "tainted": false
                    },
                    "deposed": [],
                    "provider": "provider.github"
                },
                "github_team_membership.tech_team_approver": {
                    "type": "github_team_membership",
                    "depends_on": [
                        "data.github_team.approvers_team"
                    ],
                    "primary": {
                        "id": "3101758:issyl0",
                        "attributes": {
                            "etag": "W/\"1c92b4a61a33c1cad034c84397134ea1\"",
                            "id": "3101758:issyl0",
                            "role": "member",
                            "team_id": "3101758",
                            "username": "issyl0"
                        },
                        "meta": {},
                        "tainted": false
                    },
                    "deposed": [],
                    "provider": "provider.github"
                }
            },
            "depends_on": []
        },
        {
            "path": [
                "root",
                "user_j_maynard"
            ],
            "outputs": {},
            "resources": {
                "data.github_team.approvers_team": {
                    "type": "github_team",
                    "depends_on": [],
                    "primary": {
                        "id": "3101758",
                        "attributes": {
                            "description": "Verify tech team: verify-tech-team-approvers",
                            "id": "3101758",
                            "members.#": "30",
                            "members.0": "idrop",
                            "members.1": "46bit",
                            "members.10": "kerrr",
                            "members.11": "vixus0",
                            "members.12": "robinmitra",
                            "members.13": "brenetic",
                            "members.14": "CharlesIC",
                            "members.15": "sakisv",
                            "members.16": "ronocg",
                            "members.17": "Rosa-Fox",
                            "members.18": "chrisclayson",
                            "members.19": "smford",
                            "members.2": "galund",
                            "members.20": "blairboy362",
                            "members.21": "Wynndow",
                            "members.22": "andy-paine",
                            "members.23": "tomrosier",
                            "members.24": "bravegrape",
                            "members.25": "jstandring-gds",
                            "members.26": "mhussein-gds",
                            "members.27": "adityapahuja",
                            "members.28": "rhowe-gds",
                            "members.29": "AmritSidhu",
                            "members.3": "issyl0",
                            "members.4": "phantas",
                            "members.5": "philandstuff",
                            "members.6": "chrisholmes",
                            "members.7": "thomasalanlee",
                            "members.8": "mmhmm",
                            "members.9": "tlwr",
                            "name": "verify-tech-team-approvers",
                            "permission": "pull",
                            "privacy": "closed",
                            "slug": "verify-tech-team-approvers"
                        },
                        "meta": {},
                        "tainted": false
                    },
                    "deposed": [],
                    "provider": "provider.github"
                },
                "data.github_team.tech_team": {
                    "type": "github_team",
                    "depends_on": [],
                    "primary": {
                        "id": "2830432",
                        "attributes": {
                            "description": "Verify Tech Team",
                            "id": "2830432",
                            "members.#": "30",
                            "members.0": "idrop",
                            "members.1": "46bit",
                            "members.10": "kerrr",
                            "members.11": "zilnhoj",
                            "members.12": "vixus0",
                            "members.13": "robinmitra",
                            "members.14": "brenetic",
                            "members.15": "nacnudus",
                            "members.16": "CharlesIC",
                            "members.17": "jkunle",
                            "members.18": "sakisv",
                            "members.19": "stephengrier",
                            "members.2": "galund",
                            "members.20": "ronocg",
                            "members.21": "mikieet",
                            "members.22": "Rosa-Fox",
                            "members.23": "AnneCarr",
                            "members.24": "ida-build-bot",
                            "members.25": "chrisclayson",
                            "members.26": "smford",
                            "members.27": "blairboy362",
                            "members.28": "Wynndow",
                            "members.29": "andy-paine",
                            "members.3": "issyl0",
                            "members.4": "phantas",
                            "members.5": "philandstuff",
                            "members.6": "chrisholmes",
                            "members.7": "thomasalanlee",
                            "members.8": "mmhmm",
                            "members.9": "tlwr",
                            "name": "verify-tech-team",
                            "permission": "pull",
                            "privacy": "closed",
                            "slug": "verify-tech-team"
                        },
                        "meta": {},
                        "tainted": false
                    },
                    "deposed": [],
                    "provider": "provider.github"
                },
                "github_team_membership.team_membership": {
                    "type": "github_team_membership",
                    "depends_on": [],
                    "primary": {
                        "id": "2826122:j-maynard",
                        "attributes": {
                            "etag": "W/\"cf7282d580d89cf2c3c7f2f7ae4c567c\"",
                            "id": "2826122:j-maynard",
                            "role": "member",
                            "team_id": "2826122",
                            "username": "j-maynard"
                        },
                        "meta": {},
                        "tainted": false
                    },
                    "deposed": [],
                    "provider": "provider.github"
                }
            },
            "depends_on": []
        },
        {
            "path": [
                "root",
                "user_jakubmiarka"
            ],
            "outputs": {},
            "resources": {
                "data.github_team.approvers_team": {
                    "type": "github_team",
                    "depends_on": [],
                    "primary": {
                        "id": "3101758",
                        "attributes": {
                            "description": "Verify tech team: verify-tech-team-approvers",
                            "id": "3101758",
                            "members.#": "30",
                            "members.0": "idrop",
                            "members.1": "46bit",
                            "members.10": "kerrr",
                            "members.11": "vixus0",
                            "members.12": "robinmitra",
                            "members.13": "brenetic",
                            "members.14": "CharlesIC",
                            "members.15": "sakisv",
                            "members.16": "ronocg",
                            "members.17": "Rosa-Fox",
                            "members.18": "chrisclayson",
                            "members.19": "smford",
                            "members.2": "galund",
                            "members.20": "blairboy362",
                            "members.21": "Wynndow",
                            "members.22": "andy-paine",
                            "members.23": "tomrosier",
                            "members.24": "bravegrape",
                            "members.25": "jstandring-gds",
                            "members.26": "mhussein-gds",
                            "members.27": "adityapahuja",
                            "members.28": "rhowe-gds",
                            "members.29": "AmritSidhu",
                            "members.3": "issyl0",
                            "members.4": "phantas",
                            "members.5": "philandstuff",
                            "members.6": "chrisholmes",
                            "members.7": "thomasalanlee",
                            "members.8": "mmhmm",
                            "members.9": "tlwr",
                            "name": "verify-tech-team-approvers",
                            "permission": "pull",
                            "privacy": "closed",
                            "slug": "verify-tech-team-approvers"
                        },
                        "meta": {},
                        "tainted": false
                    },
                    "deposed": [],
                    "provider": "provider.github"
                },
                "data.github_team.tech_team": {
                    "type": "github_team",
                    "depends_on": [],
                    "primary": {
                        "id": "2830432",
                        "attributes": {
                            "description": "Verify Tech Team",
                            "id": "2830432",
                            "members.#": "30",
                            "members.0": "idrop",
                            "members.1": "46bit",
                            "members.10": "kerrr",
                            "members.11": "zilnhoj",
                            "members.12": "vixus0",
                            "members.13": "robinmitra",
                            "members.14": "brenetic",
                            "members.15": "nacnudus",
                            "members.16": "CharlesIC",
                            "members.17": "jkunle",
                            "members.18": "sakisv",
                            "members.19": "stephengrier",
                            "members.2": "galund",
                            "members.20": "ronocg",
                            "members.21": "mikieet",
                            "members.22": "Rosa-Fox",
                            "members.23": "AnneCarr",
                            "members.24": "ida-build-bot",
                            "members.25": "chrisclayson",
                            "members.26": "smford",
                            "members.27": "blairboy362",
                            "members.28": "Wynndow",
                            "members.29": "andy-paine",
                            "members.3": "issyl0",
                            "members.4": "phantas",
                            "members.5": "philandstuff",
                            "members.6": "chrisholmes",
                            "members.7": "thomasalanlee",
                            "members.8": "mmhmm",
                            "members.9": "tlwr",
                            "name": "verify-tech-team",
                            "permission": "pull",
                            "privacy": "closed",
                            "slug": "verify-tech-team"
                        },
                        "meta": {},
                        "tainted": false
                    },
                    "deposed": [],
                    "provider": "provider.github"
                },
                "github_team_membership.team_membership": {
                    "type": "github_team_membership",
                    "depends_on": [],
                    "primary": {
                        "id": "2826122:jakubmiarka",
                        "attributes": {
                            "etag": "W/\"e81e2374b86da3fd746e5b5bf26b47b7\"",
                            "id": "2826122:jakubmiarka",
                            "role": "maintainer",
                            "team_id": "2826122",
                            "username": "jakubmiarka"
                        },
                        "meta": {},
                        "tainted": false
                    },
                    "deposed": [],
                    "provider": "provider.github"
                },
                "github_team_membership.tech_team_approver": {
                    "type": "github_team_membership",
                    "depends_on": [
                        "data.github_team.approvers_team"
                    ],
                    "primary": {
                        "id": "3101758:jakubmiarka",
                        "attributes": {
                            "etag": "W/\"9ba8ac29757c114084958e2544b3a171\"",
                            "id": "3101758:jakubmiarka",
                            "role": "member",
                            "team_id": "3101758",
                            "username": "jakubmiarka"
                        },
                        "meta": {},
                        "tainted": false
                    },
                    "deposed": [],
                    "provider": "provider.github"
                },
                "github_team_membership.tech_team_maintainer": {
                    "type": "github_team_membership",
                    "depends_on": [
                        "data.github_team.tech_team"
                    ],
                    "primary": {
                        "id": "2830432:jakubmiarka",
                        "attributes": {
                            "etag": "W/\"f19a88cd4356b98a9652e92a895c1604\"",
                            "id": "2830432:jakubmiarka",
                            "role": "maintainer",
                            "team_id": "2830432",
                            "username": "jakubmiarka"
                        },
                        "meta": {},
                        "tainted": false
                    },
                    "deposed": [],
                    "provider": "provider.github"
                }
            },
            "depends_on": []
        },
        {
            "path": [
                "root",
                "user_jhjava"
            ],
            "outputs": {},
            "resources": {
                "data.github_team.approvers_team": {
                    "type": "github_team",
                    "depends_on": [],
                    "primary": {
                        "id": "3101758",
                        "attributes": {
                            "description": "Verify tech team: verify-tech-team-approvers",
                            "id": "3101758",
                            "members.#": "30",
                            "members.0": "idrop",
                            "members.1": "46bit",
                            "members.10": "kerrr",
                            "members.11": "vixus0",
                            "members.12": "robinmitra",
                            "members.13": "brenetic",
                            "members.14": "CharlesIC",
                            "members.15": "sakisv",
                            "members.16": "ronocg",
                            "members.17": "Rosa-Fox",
                            "members.18": "chrisclayson",
                            "members.19": "smford",
                            "members.2": "galund",
                            "members.20": "blairboy362",
                            "members.21": "Wynndow",
                            "members.22": "andy-paine",
                            "members.23": "tomrosier",
                            "members.24": "bravegrape",
                            "members.25": "jstandring-gds",
                            "members.26": "mhussein-gds",
                            "members.27": "adityapahuja",
                            "members.28": "rhowe-gds",
                            "members.29": "AmritSidhu",
                            "members.3": "issyl0",
                            "members.4": "phantas",
                            "members.5": "philandstuff",
                            "members.6": "chrisholmes",
                            "members.7": "thomasalanlee",
                            "members.8": "mmhmm",
                            "members.9": "tlwr",
                            "name": "verify-tech-team-approvers",
                            "permission": "pull",
                            "privacy": "closed",
                            "slug": "verify-tech-team-approvers"
                        },
                        "meta": {},
                        "tainted": false
                    },
                    "deposed": [],
                    "provider": "provider.github"
                },
                "data.github_team.tech_team": {
                    "type": "github_team",
                    "depends_on": [],
                    "primary": {
                        "id": "2830432",
                        "attributes": {
                            "description": "Verify Tech Team",
                            "id": "2830432",
                            "members.#": "30",
                            "members.0": "idrop",
                            "members.1": "46bit",
                            "members.10": "kerrr",
                            "members.11": "zilnhoj",
                            "members.12": "vixus0",
                            "members.13": "robinmitra",
                            "members.14": "brenetic",
                            "members.15": "nacnudus",
                            "members.16": "CharlesIC",
                            "members.17": "jkunle",
                            "members.18": "sakisv",
                            "members.19": "stephengrier",
                            "members.2": "galund",
                            "members.20": "ronocg",
                            "members.21": "mikieet",
                            "members.22": "Rosa-Fox",
                            "members.23": "AnneCarr",
                            "members.24": "ida-build-bot",
                            "members.25": "chrisclayson",
                            "members.26": "smford",
                            "members.27": "blairboy362",
                            "members.28": "Wynndow",
                            "members.29": "andy-paine",
                            "members.3": "issyl0",
                            "members.4": "phantas",
                            "members.5": "philandstuff",
                            "members.6": "chrisholmes",
                            "members.7": "thomasalanlee",
                            "members.8": "mmhmm",
                            "members.9": "tlwr",
                            "name": "verify-tech-team",
                            "permission": "pull",
                            "privacy": "closed",
                            "slug": "verify-tech-team"
                        },
                        "meta": {},
                        "tainted": false
                    },
                    "deposed": [],
                    "provider": "provider.github"
                },
                "github_team_membership.team_membership.0": {
                    "type": "github_team_membership",
                    "depends_on": [],
                    "primary": {
                        "id": "2826122:JHjava",
                        "attributes": {
                            "etag": "W/\"c1eb5e4a7d8e4cd5898c984feee19e2b\"",
                            "id": "2826122:JHjava",
                            "role": "maintainer",
                            "team_id": "2826122",
                            "username": "JHjava"
                        },
                        "meta": {},
                        "tainted": false
                    },
                    "deposed": [],
                    "provider": "provider.github"
                },
                "github_team_membership.team_membership.1": {
                    "type": "github_team_membership",
                    "depends_on": [],
                    "primary": {
                        "id": "2826126:JHjava",
                        "attributes": {
                            "etag": "W/\"fda892d7472ed054c417bc6ad539304f\"",
                            "id": "2826126:JHjava",
                            "role": "maintainer",
                            "team_id": "2826126",
                            "username": "JHjava"
                        },
                        "meta": {},
                        "tainted": false
                    },
                    "deposed": [],
                    "provider": "provider.github"
                },
                "github_team_membership.tech_team_approver": {
                    "type": "github_team_membership",
                    "depends_on": [
                        "data.github_team.approvers_team"
                    ],
                    "primary": {
                        "id": "3101758:JHjava",
                        "attributes": {
                            "etag": "W/\"b8ed4503a0ef15b6fcc4350ac9370f06\"",
                            "id": "3101758:JHjava",
                            "role": "member",
                            "team_id": "3101758",
                            "username": "JHjava"
                        },
                        "meta": {},
                        "tainted": false
                    },
                    "deposed": [],
                    "provider": "provider.github"
                },
                "github_team_membership.tech_team_maintainer": {
                    "type": "github_team_membership",
                    "depends_on": [
                        "data.github_team.tech_team"
                    ],
                    "primary": {
                        "id": "2830432:JHjava",
                        "attributes": {
                            "etag": "W/\"6031cdd6908ddc4f406c076eea0e0d6b\"",
                            "id": "2830432:JHjava",
                            "role": "maintainer",
                            "team_id": "2830432",
                            "username": "JHjava"
                        },
                        "meta": {},
                        "tainted": false
                    },
                    "deposed": [],
                    "provider": "provider.github"
                }
            },
            "depends_on": []
        },
        {
            "path": [
                "root",
                "user_jkunle"
            ],
            "outputs": {},
            "resources": {
                "data.github_team.approvers_team": {
                    "type": "github_team",
                    "depends_on": [],
                    "primary": {
                        "id": "3101758",
                        "attributes": {
                            "description": "Verify tech team: verify-tech-team-approvers",
                            "id": "3101758",
                            "members.#": "30",
                            "members.0": "idrop",
                            "members.1": "46bit",
                            "members.10": "kerrr",
                            "members.11": "vixus0",
                            "members.12": "robinmitra",
                            "members.13": "brenetic",
                            "members.14": "CharlesIC",
                            "members.15": "sakisv",
                            "members.16": "ronocg",
                            "members.17": "Rosa-Fox",
                            "members.18": "chrisclayson",
                            "members.19": "smford",
                            "members.2": "galund",
                            "members.20": "blairboy362",
                            "members.21": "Wynndow",
                            "members.22": "andy-paine",
                            "members.23": "tomrosier",
                            "members.24": "bravegrape",
                            "members.25": "jstandring-gds",
                            "members.26": "mhussein-gds",
                            "members.27": "adityapahuja",
                            "members.28": "rhowe-gds",
                            "members.29": "AmritSidhu",
                            "members.3": "issyl0",
                            "members.4": "phantas",
                            "members.5": "philandstuff",
                            "members.6": "chrisholmes",
                            "members.7": "thomasalanlee",
                            "members.8": "mmhmm",
                            "members.9": "tlwr",
                            "name": "verify-tech-team-approvers",
                            "permission": "pull",
                            "privacy": "closed",
                            "slug": "verify-tech-team-approvers"
                        },
                        "meta": {},
                        "tainted": false
                    },
                    "deposed": [],
                    "provider": "provider.github"
                },
                "data.github_team.tech_team": {
                    "type": "github_team",
                    "depends_on": [],
                    "primary": {
                        "id": "2830432",
                        "attributes": {
                            "description": "Verify Tech Team",
                            "id": "2830432",
                            "members.#": "30",
                            "members.0": "idrop",
                            "members.1": "46bit",
                            "members.10": "kerrr",
                            "members.11": "zilnhoj",
                            "members.12": "vixus0",
                            "members.13": "robinmitra",
                            "members.14": "brenetic",
                            "members.15": "nacnudus",
                            "members.16": "CharlesIC",
                            "members.17": "jkunle",
                            "members.18": "sakisv",
                            "members.19": "stephengrier",
                            "members.2": "galund",
                            "members.20": "ronocg",
                            "members.21": "mikieet",
                            "members.22": "Rosa-Fox",
                            "members.23": "AnneCarr",
                            "members.24": "ida-build-bot",
                            "members.25": "chrisclayson",
                            "members.26": "smford",
                            "members.27": "blairboy362",
                            "members.28": "Wynndow",
                            "members.29": "andy-paine",
                            "members.3": "issyl0",
                            "members.4": "phantas",
                            "members.5": "philandstuff",
                            "members.6": "chrisholmes",
                            "members.7": "thomasalanlee",
                            "members.8": "mmhmm",
                            "members.9": "tlwr",
                            "name": "verify-tech-team",
                            "permission": "pull",
                            "privacy": "closed",
                            "slug": "verify-tech-team"
                        },
                        "meta": {},
                        "tainted": false
                    },
                    "deposed": [],
                    "provider": "provider.github"
                },
                "github_team_membership.team_membership": {
                    "type": "github_team_membership",
                    "depends_on": [],
                    "primary": {
                        "id": "2826122:jkunle",
                        "attributes": {
                            "etag": "W/\"a166a1efdffcedc3734b5208ef7b4e23\"",
                            "id": "2826122:jkunle",
                            "role": "member",
                            "team_id": "2826122",
                            "username": "jkunle"
                        },
                        "meta": {},
                        "tainted": false
                    },
                    "deposed": [],
                    "provider": "provider.github"
                }
            },
            "depends_on": []
        },
        {
            "path": [
                "root",
                "user_johnwattsgds"
            ],
            "outputs": {},
            "resources": {
                "data.github_team.approvers_team": {
                    "type": "github_team",
                    "depends_on": [],
                    "primary": {
                        "id": "3101758",
                        "attributes": {
                            "description": "Verify tech team: verify-tech-team-approvers",
                            "id": "3101758",
                            "members.#": "30",
                            "members.0": "idrop",
                            "members.1": "46bit",
                            "members.10": "kerrr",
                            "members.11": "vixus0",
                            "members.12": "robinmitra",
                            "members.13": "brenetic",
                            "members.14": "CharlesIC",
                            "members.15": "sakisv",
                            "members.16": "ronocg",
                            "members.17": "Rosa-Fox",
                            "members.18": "chrisclayson",
                            "members.19": "smford",
                            "members.2": "galund",
                            "members.20": "blairboy362",
                            "members.21": "Wynndow",
                            "members.22": "andy-paine",
                            "members.23": "tomrosier",
                            "members.24": "bravegrape",
                            "members.25": "jstandring-gds",
                            "members.26": "mhussein-gds",
                            "members.27": "adityapahuja",
                            "members.28": "rhowe-gds",
                            "members.29": "AmritSidhu",
                            "members.3": "issyl0",
                            "members.4": "phantas",
                            "members.5": "philandstuff",
                            "members.6": "chrisholmes",
                            "members.7": "thomasalanlee",
                            "members.8": "mmhmm",
                            "members.9": "tlwr",
                            "name": "verify-tech-team-approvers",
                            "permission": "pull",
                            "privacy": "closed",
                            "slug": "verify-tech-team-approvers"
                        },
                        "meta": {},
                        "tainted": false
                    },
                    "deposed": [],
                    "provider": "provider.github"
                },
                "data.github_team.tech_team": {
                    "type": "github_team",
                    "depends_on": [],
                    "primary": {
                        "id": "2830432",
                        "attributes": {
                            "description": "Verify Tech Team",
                            "id": "2830432",
                            "members.#": "30",
                            "members.0": "idrop",
                            "members.1": "46bit",
                            "members.10": "kerrr",
                            "members.11": "zilnhoj",
                            "members.12": "vixus0",
                            "members.13": "robinmitra",
                            "members.14": "brenetic",
                            "members.15": "nacnudus",
                            "members.16": "CharlesIC",
                            "members.17": "jkunle",
                            "members.18": "sakisv",
                            "members.19": "stephengrier",
                            "members.2": "galund",
                            "members.20": "ronocg",
                            "members.21": "mikieet",
                            "members.22": "Rosa-Fox",
                            "members.23": "AnneCarr",
                            "members.24": "ida-build-bot",
                            "members.25": "chrisclayson",
                            "members.26": "smford",
                            "members.27": "blairboy362",
                            "members.28": "Wynndow",
                            "members.29": "andy-paine",
                            "members.3": "issyl0",
                            "members.4": "phantas",
                            "members.5": "philandstuff",
                            "members.6": "chrisholmes",
                            "members.7": "thomasalanlee",
                            "members.8": "mmhmm",
                            "members.9": "tlwr",
                            "name": "verify-tech-team",
                            "permission": "pull",
                            "privacy": "closed",
                            "slug": "verify-tech-team"
                        },
                        "meta": {},
                        "tainted": false
                    },
                    "deposed": [],
                    "provider": "provider.github"
                },
                "github_team_membership.team_membership": {
                    "type": "github_team_membership",
                    "depends_on": [],
                    "primary": {
                        "id": "2826122:johnwattsgds",
                        "attributes": {
                            "etag": "W/\"7aa514eac31cdb491fede0137c45d33e\"",
                            "id": "2826122:johnwattsgds",
                            "role": "member",
                            "team_id": "2826122",
                            "username": "JohnWattsGDS"
                        },
                        "meta": {},
                        "tainted": false
                    },
                    "deposed": [],
                    "provider": "provider.github"
                }
            },
            "depends_on": []
        },
        {
            "path": [
                "root",
                "user_jstandring_gds"
            ],
            "outputs": {},
            "resources": {
                "data.github_team.approvers_team": {
                    "type": "github_team",
                    "depends_on": [],
                    "primary": {
                        "id": "3101758",
                        "attributes": {
                            "description": "Verify tech team: verify-tech-team-approvers",
                            "id": "3101758",
                            "members.#": "30",
                            "members.0": "idrop",
                            "members.1": "46bit",
                            "members.10": "kerrr",
                            "members.11": "vixus0",
                            "members.12": "robinmitra",
                            "members.13": "brenetic",
                            "members.14": "CharlesIC",
                            "members.15": "sakisv",
                            "members.16": "ronocg",
                            "members.17": "Rosa-Fox",
                            "members.18": "chrisclayson",
                            "members.19": "smford",
                            "members.2": "galund",
                            "members.20": "blairboy362",
                            "members.21": "Wynndow",
                            "members.22": "andy-paine",
                            "members.23": "tomrosier",
                            "members.24": "bravegrape",
                            "members.25": "jstandring-gds",
                            "members.26": "mhussein-gds",
                            "members.27": "adityapahuja",
                            "members.28": "rhowe-gds",
                            "members.29": "AmritSidhu",
                            "members.3": "issyl0",
                            "members.4": "phantas",
                            "members.5": "philandstuff",
                            "members.6": "chrisholmes",
                            "members.7": "thomasalanlee",
                            "members.8": "mmhmm",
                            "members.9": "tlwr",
                            "name": "verify-tech-team-approvers",
                            "permission": "pull",
                            "privacy": "closed",
                            "slug": "verify-tech-team-approvers"
                        },
                        "meta": {},
                        "tainted": false
                    },
                    "deposed": [],
                    "provider": "provider.github"
                },
                "data.github_team.tech_team": {
                    "type": "github_team",
                    "depends_on": [],
                    "primary": {
                        "id": "2830432",
                        "attributes": {
                            "description": "Verify Tech Team",
                            "id": "2830432",
                            "members.#": "30",
                            "members.0": "idrop",
                            "members.1": "46bit",
                            "members.10": "kerrr",
                            "members.11": "zilnhoj",
                            "members.12": "vixus0",
                            "members.13": "robinmitra",
                            "members.14": "brenetic",
                            "members.15": "nacnudus",
                            "members.16": "CharlesIC",
                            "members.17": "jkunle",
                            "members.18": "sakisv",
                            "members.19": "stephengrier",
                            "members.2": "galund",
                            "members.20": "ronocg",
                            "members.21": "mikieet",
                            "members.22": "Rosa-Fox",
                            "members.23": "AnneCarr",
                            "members.24": "ida-build-bot",
                            "members.25": "chrisclayson",
                            "members.26": "smford",
                            "members.27": "blairboy362",
                            "members.28": "Wynndow",
                            "members.29": "andy-paine",
                            "members.3": "issyl0",
                            "members.4": "phantas",
                            "members.5": "philandstuff",
                            "members.6": "chrisholmes",
                            "members.7": "thomasalanlee",
                            "members.8": "mmhmm",
                            "members.9": "tlwr",
                            "name": "verify-tech-team",
                            "permission": "pull",
                            "privacy": "closed",
                            "slug": "verify-tech-team"
                        },
                        "meta": {},
                        "tainted": false
                    },
                    "deposed": [],
                    "provider": "provider.github"
                },
                "github_team_membership.team_membership": {
                    "type": "github_team_membership",
                    "depends_on": [],
                    "primary": {
                        "id": "2826127:jstandring-gds",
                        "attributes": {
                            "etag": "W/\"845c4bb8df80df877b42eaad25c67840\"",
                            "id": "2826127:jstandring-gds",
                            "role": "member",
                            "team_id": "2826127",
                            "username": "jstandring-gds"
                        },
                        "meta": {},
                        "tainted": false
                    },
                    "deposed": [],
                    "provider": "provider.github"
                },
                "github_team_membership.tech_team_approver": {
                    "type": "github_team_membership",
                    "depends_on": [
                        "data.github_team.approvers_team"
                    ],
                    "primary": {
                        "id": "3101758:jstandring-gds",
                        "attributes": {
                            "etag": "W/\"af48bff16bb57ca834a00ef6b36cba54\"",
                            "id": "3101758:jstandring-gds",
                            "role": "member",
                            "team_id": "3101758",
                            "username": "jstandring-gds"
                        },
                        "meta": {},
                        "tainted": false
                    },
                    "deposed": [],
                    "provider": "provider.github"
                }
            },
            "depends_on": []
        },
        {
            "path": [
                "root",
                "user_kerrr"
            ],
            "outputs": {},
            "resources": {
                "data.github_team.approvers_team": {
                    "type": "github_team",
                    "depends_on": [],
                    "primary": {
                        "id": "3101758",
                        "attributes": {
                            "description": "Verify tech team: verify-tech-team-approvers",
                            "id": "3101758",
                            "members.#": "30",
                            "members.0": "idrop",
                            "members.1": "46bit",
                            "members.10": "kerrr",
                            "members.11": "vixus0",
                            "members.12": "robinmitra",
                            "members.13": "brenetic",
                            "members.14": "CharlesIC",
                            "members.15": "sakisv",
                            "members.16": "ronocg",
                            "members.17": "Rosa-Fox",
                            "members.18": "chrisclayson",
                            "members.19": "smford",
                            "members.2": "galund",
                            "members.20": "blairboy362",
                            "members.21": "Wynndow",
                            "members.22": "andy-paine",
                            "members.23": "tomrosier",
                            "members.24": "bravegrape",
                            "members.25": "jstandring-gds",
                            "members.26": "mhussein-gds",
                            "members.27": "adityapahuja",
                            "members.28": "rhowe-gds",
                            "members.29": "AmritSidhu",
                            "members.3": "issyl0",
                            "members.4": "phantas",
                            "members.5": "philandstuff",
                            "members.6": "chrisholmes",
                            "members.7": "thomasalanlee",
                            "members.8": "mmhmm",
                            "members.9": "tlwr",
                            "name": "verify-tech-team-approvers",
                            "permission": "pull",
                            "privacy": "closed",
                            "slug": "verify-tech-team-approvers"
                        },
                        "meta": {},
                        "tainted": false
                    },
                    "deposed": [],
                    "provider": "provider.github"
                },
                "data.github_team.tech_team": {
                    "type": "github_team",
                    "depends_on": [],
                    "primary": {
                        "id": "2830432",
                        "attributes": {
                            "description": "Verify Tech Team",
                            "id": "2830432",
                            "members.#": "30",
                            "members.0": "idrop",
                            "members.1": "46bit",
                            "members.10": "kerrr",
                            "members.11": "zilnhoj",
                            "members.12": "vixus0",
                            "members.13": "robinmitra",
                            "members.14": "brenetic",
                            "members.15": "nacnudus",
                            "members.16": "CharlesIC",
                            "members.17": "jkunle",
                            "members.18": "sakisv",
                            "members.19": "stephengrier",
                            "members.2": "galund",
                            "members.20": "ronocg",
                            "members.21": "mikieet",
                            "members.22": "Rosa-Fox",
                            "members.23": "AnneCarr",
                            "members.24": "ida-build-bot",
                            "members.25": "chrisclayson",
                            "members.26": "smford",
                            "members.27": "blairboy362",
                            "members.28": "Wynndow",
                            "members.29": "andy-paine",
                            "members.3": "issyl0",
                            "members.4": "phantas",
                            "members.5": "philandstuff",
                            "members.6": "chrisholmes",
                            "members.7": "thomasalanlee",
                            "members.8": "mmhmm",
                            "members.9": "tlwr",
                            "name": "verify-tech-team",
                            "permission": "pull",
                            "privacy": "closed",
                            "slug": "verify-tech-team"
                        },
                        "meta": {},
                        "tainted": false
                    },
                    "deposed": [],
                    "provider": "provider.github"
                },
                "github_team_membership.team_membership": {
                    "type": "github_team_membership",
                    "depends_on": [],
                    "primary": {
                        "id": "2826122:kerrr",
                        "attributes": {
                            "etag": "W/\"024a5011c0f69909bb6904d56cbe5199\"",
                            "id": "2826122:kerrr",
                            "role": "member",
                            "team_id": "2826122",
                            "username": "kerrr"
                        },
                        "meta": {},
                        "tainted": false
                    },
                    "deposed": [],
                    "provider": "provider.github"
                },
                "github_team_membership.tech_team_approver": {
                    "type": "github_team_membership",
                    "depends_on": [
                        "data.github_team.approvers_team"
                    ],
                    "primary": {
                        "id": "3101758:kerrr",
                        "attributes": {
                            "etag": "W/\"95e334dae40a7a3dc6d8d2931c5b4a0a\"",
                            "id": "3101758:kerrr",
                            "role": "member",
                            "team_id": "3101758",
                            "username": "kerrr"
                        },
                        "meta": {},
                        "tainted": false
                    },
                    "deposed": [],
                    "provider": "provider.github"
                }
            },
            "depends_on": []
        },
        {
            "path": [
                "root",
                "user_mariaslo"
            ],
            "outputs": {},
            "resources": {
                "data.github_team.approvers_team": {
                    "type": "github_team",
                    "depends_on": [],
                    "primary": {
                        "id": "3101758",
                        "attributes": {
                            "description": "Verify tech team: verify-tech-team-approvers",
                            "id": "3101758",
                            "members.#": "30",
                            "members.0": "idrop",
                            "members.1": "46bit",
                            "members.10": "kerrr",
                            "members.11": "vixus0",
                            "members.12": "robinmitra",
                            "members.13": "brenetic",
                            "members.14": "CharlesIC",
                            "members.15": "sakisv",
                            "members.16": "ronocg",
                            "members.17": "Rosa-Fox",
                            "members.18": "chrisclayson",
                            "members.19": "smford",
                            "members.2": "galund",
                            "members.20": "blairboy362",
                            "members.21": "Wynndow",
                            "members.22": "andy-paine",
                            "members.23": "tomrosier",
                            "members.24": "bravegrape",
                            "members.25": "jstandring-gds",
                            "members.26": "mhussein-gds",
                            "members.27": "adityapahuja",
                            "members.28": "rhowe-gds",
                            "members.29": "AmritSidhu",
                            "members.3": "issyl0",
                            "members.4": "phantas",
                            "members.5": "philandstuff",
                            "members.6": "chrisholmes",
                            "members.7": "thomasalanlee",
                            "members.8": "mmhmm",
                            "members.9": "tlwr",
                            "name": "verify-tech-team-approvers",
                            "permission": "pull",
                            "privacy": "closed",
                            "slug": "verify-tech-team-approvers"
                        },
                        "meta": {},
                        "tainted": false
                    },
                    "deposed": [],
                    "provider": "provider.github"
                },
                "data.github_team.tech_team": {
                    "type": "github_team",
                    "depends_on": [],
                    "primary": {
                        "id": "2830432",
                        "attributes": {
                            "description": "Verify Tech Team",
                            "id": "2830432",
                            "members.#": "30",
                            "members.0": "idrop",
                            "members.1": "46bit",
                            "members.10": "kerrr",
                            "members.11": "zilnhoj",
                            "members.12": "vixus0",
                            "members.13": "robinmitra",
                            "members.14": "brenetic",
                            "members.15": "nacnudus",
                            "members.16": "CharlesIC",
                            "members.17": "jkunle",
                            "members.18": "sakisv",
                            "members.19": "stephengrier",
                            "members.2": "galund",
                            "members.20": "ronocg",
                            "members.21": "mikieet",
                            "members.22": "Rosa-Fox",
                            "members.23": "AnneCarr",
                            "members.24": "ida-build-bot",
                            "members.25": "chrisclayson",
                            "members.26": "smford",
                            "members.27": "blairboy362",
                            "members.28": "Wynndow",
                            "members.29": "andy-paine",
                            "members.3": "issyl0",
                            "members.4": "phantas",
                            "members.5": "philandstuff",
                            "members.6": "chrisholmes",
                            "members.7": "thomasalanlee",
                            "members.8": "mmhmm",
                            "members.9": "tlwr",
                            "name": "verify-tech-team",
                            "permission": "pull",
                            "privacy": "closed",
                            "slug": "verify-tech-team"
                        },
                        "meta": {},
                        "tainted": false
                    },
                    "deposed": [],
                    "provider": "provider.github"
                },
                "github_team_membership.team_membership": {
                    "type": "github_team_membership",
                    "depends_on": [],
                    "primary": {
                        "id": "2826122:Mariaslo",
                        "attributes": {
                            "etag": "W/\"3a997df72738560cca299b61d92a4b95\"",
                            "id": "2826122:Mariaslo",
                            "role": "member",
                            "team_id": "2826122",
                            "username": "Mariaslo"
                        },
                        "meta": {},
                        "tainted": false
                    },
                    "deposed": [],
                    "provider": "provider.github"
                }
            },
            "depends_on": []
        },
        {
            "path": [
                "root",
                "user_matthewcullum_gds"
            ],
            "outputs": {},
            "resources": {
                "data.github_team.approvers_team": {
                    "type": "github_team",
                    "depends_on": [],
                    "primary": {
                        "id": "3101758",
                        "attributes": {
                            "description": "Verify tech team: verify-tech-team-approvers",
                            "id": "3101758",
                            "members.#": "30",
                            "members.0": "idrop",
                            "members.1": "46bit",
                            "members.10": "kerrr",
                            "members.11": "vixus0",
                            "members.12": "robinmitra",
                            "members.13": "brenetic",
                            "members.14": "CharlesIC",
                            "members.15": "sakisv",
                            "members.16": "ronocg",
                            "members.17": "Rosa-Fox",
                            "members.18": "chrisclayson",
                            "members.19": "smford",
                            "members.2": "galund",
                            "members.20": "blairboy362",
                            "members.21": "Wynndow",
                            "members.22": "andy-paine",
                            "members.23": "tomrosier",
                            "members.24": "bravegrape",
                            "members.25": "jstandring-gds",
                            "members.26": "mhussein-gds",
                            "members.27": "adityapahuja",
                            "members.28": "rhowe-gds",
                            "members.29": "AmritSidhu",
                            "members.3": "issyl0",
                            "members.4": "phantas",
                            "members.5": "philandstuff",
                            "members.6": "chrisholmes",
                            "members.7": "thomasalanlee",
                            "members.8": "mmhmm",
                            "members.9": "tlwr",
                            "name": "verify-tech-team-approvers",
                            "permission": "pull",
                            "privacy": "closed",
                            "slug": "verify-tech-team-approvers"
                        },
                        "meta": {},
                        "tainted": false
                    },
                    "deposed": [],
                    "provider": "provider.github"
                },
                "data.github_team.tech_team": {
                    "type": "github_team",
                    "depends_on": [],
                    "primary": {
                        "id": "2830432",
                        "attributes": {
                            "description": "Verify Tech Team",
                            "id": "2830432",
                            "members.#": "30",
                            "members.0": "idrop",
                            "members.1": "46bit",
                            "members.10": "kerrr",
                            "members.11": "zilnhoj",
                            "members.12": "vixus0",
                            "members.13": "robinmitra",
                            "members.14": "brenetic",
                            "members.15": "nacnudus",
                            "members.16": "CharlesIC",
                            "members.17": "jkunle",
                            "members.18": "sakisv",
                            "members.19": "stephengrier",
                            "members.2": "galund",
                            "members.20": "ronocg",
                            "members.21": "mikieet",
                            "members.22": "Rosa-Fox",
                            "members.23": "AnneCarr",
                            "members.24": "ida-build-bot",
                            "members.25": "chrisclayson",
                            "members.26": "smford",
                            "members.27": "blairboy362",
                            "members.28": "Wynndow",
                            "members.29": "andy-paine",
                            "members.3": "issyl0",
                            "members.4": "phantas",
                            "members.5": "philandstuff",
                            "members.6": "chrisholmes",
                            "members.7": "thomasalanlee",
                            "members.8": "mmhmm",
                            "members.9": "tlwr",
                            "name": "verify-tech-team",
                            "permission": "pull",
                            "privacy": "closed",
                            "slug": "verify-tech-team"
                        },
                        "meta": {},
                        "tainted": false
                    },
                    "deposed": [],
                    "provider": "provider.github"
                },
                "github_team_membership.team_membership.0": {
                    "type": "github_team_membership",
                    "depends_on": [],
                    "primary": {
                        "id": "2826122:matthewcullum-gds",
                        "attributes": {
                            "etag": "W/\"8ef78be50bed4d5dbbeaad5a50fb5ff9\"",
                            "id": "2826122:matthewcullum-gds",
                            "role": "member",
                            "team_id": "2826122",
                            "username": "matthewcullum-gds"
                        },
                        "meta": {},
                        "tainted": false
                    },
                    "deposed": [],
                    "provider": "provider.github"
                },
                "github_team_membership.team_membership.1": {
                    "type": "github_team_membership",
                    "depends_on": [],
                    "primary": {
                        "id": "2826127:matthewcullum-gds",
                        "attributes": {
                            "etag": "W/\"5fa7079f123c08c378da3f15cb9fa159\"",
                            "id": "2826127:matthewcullum-gds",
                            "role": "member",
                            "team_id": "2826127",
                            "username": "matthewcullum-gds"
                        },
                        "meta": {},
                        "tainted": false
                    },
                    "deposed": [],
                    "provider": "provider.github"
                },
                "github_team_membership.tech_team_approver": {
                    "type": "github_team_membership",
                    "depends_on": [
                        "data.github_team.approvers_team"
                    ],
                    "primary": {
                        "id": "3101758:matthewcullum-gds",
                        "attributes": {
                            "etag": "W/\"3969174d53d10f91fe4684d23c4cb601\"",
                            "id": "3101758:matthewcullum-gds",
                            "role": "member",
                            "team_id": "3101758",
                            "username": "matthewcullum-gds"
                        },
                        "meta": {},
                        "tainted": false
                    },
                    "deposed": [],
                    "provider": "provider.github"
                }
            },
            "depends_on": []
        },
        {
            "path": [
                "root",
                "user_mhussein_gds"
            ],
            "outputs": {},
            "resources": {
                "data.github_team.approvers_team": {
                    "type": "github_team",
                    "depends_on": [],
                    "primary": {
                        "id": "3101758",
                        "attributes": {
                            "description": "Verify tech team: verify-tech-team-approvers",
                            "id": "3101758",
                            "members.#": "30",
                            "members.0": "idrop",
                            "members.1": "46bit",
                            "members.10": "kerrr",
                            "members.11": "vixus0",
                            "members.12": "robinmitra",
                            "members.13": "brenetic",
                            "members.14": "CharlesIC",
                            "members.15": "sakisv",
                            "members.16": "ronocg",
                            "members.17": "Rosa-Fox",
                            "members.18": "chrisclayson",
                            "members.19": "smford",
                            "members.2": "galund",
                            "members.20": "blairboy362",
                            "members.21": "Wynndow",
                            "members.22": "andy-paine",
                            "members.23": "tomrosier",
                            "members.24": "bravegrape",
                            "members.25": "jstandring-gds",
                            "members.26": "mhussein-gds",
                            "members.27": "adityapahuja",
                            "members.28": "rhowe-gds",
                            "members.29": "AmritSidhu",
                            "members.3": "issyl0",
                            "members.4": "phantas",
                            "members.5": "philandstuff",
                            "members.6": "chrisholmes",
                            "members.7": "thomasalanlee",
                            "members.8": "mmhmm",
                            "members.9": "tlwr",
                            "name": "verify-tech-team-approvers",
                            "permission": "pull",
                            "privacy": "closed",
                            "slug": "verify-tech-team-approvers"
                        },
                        "meta": {},
                        "tainted": false
                    },
                    "deposed": [],
                    "provider": "provider.github"
                },
                "data.github_team.tech_team": {
                    "type": "github_team",
                    "depends_on": [],
                    "primary": {
                        "id": "2830432",
                        "attributes": {
                            "description": "Verify Tech Team",
                            "id": "2830432",
                            "members.#": "30",
                            "members.0": "idrop",
                            "members.1": "46bit",
                            "members.10": "kerrr",
                            "members.11": "zilnhoj",
                            "members.12": "vixus0",
                            "members.13": "robinmitra",
                            "members.14": "brenetic",
                            "members.15": "nacnudus",
                            "members.16": "CharlesIC",
                            "members.17": "jkunle",
                            "members.18": "sakisv",
                            "members.19": "stephengrier",
                            "members.2": "galund",
                            "members.20": "ronocg",
                            "members.21": "mikieet",
                            "members.22": "Rosa-Fox",
                            "members.23": "AnneCarr",
                            "members.24": "ida-build-bot",
                            "members.25": "chrisclayson",
                            "members.26": "smford",
                            "members.27": "blairboy362",
                            "members.28": "Wynndow",
                            "members.29": "andy-paine",
                            "members.3": "issyl0",
                            "members.4": "phantas",
                            "members.5": "philandstuff",
                            "members.6": "chrisholmes",
                            "members.7": "thomasalanlee",
                            "members.8": "mmhmm",
                            "members.9": "tlwr",
                            "name": "verify-tech-team",
                            "permission": "pull",
                            "privacy": "closed",
                            "slug": "verify-tech-team"
                        },
                        "meta": {},
                        "tainted": false
                    },
                    "deposed": [],
                    "provider": "provider.github"
                },
                "github_team_membership.team_membership": {
                    "type": "github_team_membership",
                    "depends_on": [],
                    "primary": {
                        "id": "2826122:mhussein-gds",
                        "attributes": {
                            "etag": "W/\"db811a319dbeb116aeba6b5be068bce5\"",
                            "id": "2826122:mhussein-gds",
                            "role": "member",
                            "team_id": "2826122",
                            "username": "mhussein-gds"
                        },
                        "meta": {},
                        "tainted": false
                    },
                    "deposed": [],
                    "provider": "provider.github"
                },
                "github_team_membership.tech_team_approver": {
                    "type": "github_team_membership",
                    "depends_on": [
                        "data.github_team.approvers_team"
                    ],
                    "primary": {
                        "id": "3101758:mhussein-gds",
                        "attributes": {
                            "etag": "W/\"31109b37d57e405dfa8d553adf97a415\"",
                            "id": "3101758:mhussein-gds",
                            "role": "member",
                            "team_id": "3101758",
                            "username": "mhussein-gds"
                        },
                        "meta": {},
                        "tainted": false
                    },
                    "deposed": [],
                    "provider": "provider.github"
                }
            },
            "depends_on": []
        },
        {
            "path": [
                "root",
                "user_mikieet"
            ],
            "outputs": {},
            "resources": {
                "data.github_team.approvers_team": {
                    "type": "github_team",
                    "depends_on": [],
                    "primary": {
                        "id": "3101758",
                        "attributes": {
                            "description": "Verify tech team: verify-tech-team-approvers",
                            "id": "3101758",
                            "members.#": "30",
                            "members.0": "idrop",
                            "members.1": "46bit",
                            "members.10": "kerrr",
                            "members.11": "vixus0",
                            "members.12": "robinmitra",
                            "members.13": "brenetic",
                            "members.14": "CharlesIC",
                            "members.15": "sakisv",
                            "members.16": "ronocg",
                            "members.17": "Rosa-Fox",
                            "members.18": "chrisclayson",
                            "members.19": "smford",
                            "members.2": "galund",
                            "members.20": "blairboy362",
                            "members.21": "Wynndow",
                            "members.22": "andy-paine",
                            "members.23": "tomrosier",
                            "members.24": "bravegrape",
                            "members.25": "jstandring-gds",
                            "members.26": "mhussein-gds",
                            "members.27": "adityapahuja",
                            "members.28": "rhowe-gds",
                            "members.29": "AmritSidhu",
                            "members.3": "issyl0",
                            "members.4": "phantas",
                            "members.5": "philandstuff",
                            "members.6": "chrisholmes",
                            "members.7": "thomasalanlee",
                            "members.8": "mmhmm",
                            "members.9": "tlwr",
                            "name": "verify-tech-team-approvers",
                            "permission": "pull",
                            "privacy": "closed",
                            "slug": "verify-tech-team-approvers"
                        },
                        "meta": {},
                        "tainted": false
                    },
                    "deposed": [],
                    "provider": "provider.github"
                },
                "data.github_team.tech_team": {
                    "type": "github_team",
                    "depends_on": [],
                    "primary": {
                        "id": "2830432",
                        "attributes": {
                            "description": "Verify Tech Team",
                            "id": "2830432",
                            "members.#": "30",
                            "members.0": "idrop",
                            "members.1": "46bit",
                            "members.10": "kerrr",
                            "members.11": "zilnhoj",
                            "members.12": "vixus0",
                            "members.13": "robinmitra",
                            "members.14": "brenetic",
                            "members.15": "nacnudus",
                            "members.16": "CharlesIC",
                            "members.17": "jkunle",
                            "members.18": "sakisv",
                            "members.19": "stephengrier",
                            "members.2": "galund",
                            "members.20": "ronocg",
                            "members.21": "mikieet",
                            "members.22": "Rosa-Fox",
                            "members.23": "AnneCarr",
                            "members.24": "ida-build-bot",
                            "members.25": "chrisclayson",
                            "members.26": "smford",
                            "members.27": "blairboy362",
                            "members.28": "Wynndow",
                            "members.29": "andy-paine",
                            "members.3": "issyl0",
                            "members.4": "phantas",
                            "members.5": "philandstuff",
                            "members.6": "chrisholmes",
                            "members.7": "thomasalanlee",
                            "members.8": "mmhmm",
                            "members.9": "tlwr",
                            "name": "verify-tech-team",
                            "permission": "pull",
                            "privacy": "closed",
                            "slug": "verify-tech-team"
                        },
                        "meta": {},
                        "tainted": false
                    },
                    "deposed": [],
                    "provider": "provider.github"
                },
                "github_team_membership.team_membership": {
                    "type": "github_team_membership",
                    "depends_on": [],
                    "primary": {
                        "id": "2826122:mikieet",
                        "attributes": {
                            "etag": "W/\"978b9b758e3f246fb91fc976f75faf17\"",
                            "id": "2826122:mikieet",
                            "role": "member",
                            "team_id": "2826122",
                            "username": "mikieet"
                        },
                        "meta": {},
                        "tainted": false
                    },
                    "deposed": [],
                    "provider": "provider.github"
                }
            },
            "depends_on": []
        },
        {
            "path": [
                "root",
                "user_mmhmm"
            ],
            "outputs": {},
            "resources": {
                "data.github_team.approvers_team": {
                    "type": "github_team",
                    "depends_on": [],
                    "primary": {
                        "id": "3101758",
                        "attributes": {
                            "description": "Verify tech team: verify-tech-team-approvers",
                            "id": "3101758",
                            "members.#": "30",
                            "members.0": "idrop",
                            "members.1": "46bit",
                            "members.10": "kerrr",
                            "members.11": "vixus0",
                            "members.12": "robinmitra",
                            "members.13": "brenetic",
                            "members.14": "CharlesIC",
                            "members.15": "sakisv",
                            "members.16": "ronocg",
                            "members.17": "Rosa-Fox",
                            "members.18": "chrisclayson",
                            "members.19": "smford",
                            "members.2": "galund",
                            "members.20": "blairboy362",
                            "members.21": "Wynndow",
                            "members.22": "andy-paine",
                            "members.23": "tomrosier",
                            "members.24": "bravegrape",
                            "members.25": "jstandring-gds",
                            "members.26": "mhussein-gds",
                            "members.27": "adityapahuja",
                            "members.28": "rhowe-gds",
                            "members.29": "AmritSidhu",
                            "members.3": "issyl0",
                            "members.4": "phantas",
                            "members.5": "philandstuff",
                            "members.6": "chrisholmes",
                            "members.7": "thomasalanlee",
                            "members.8": "mmhmm",
                            "members.9": "tlwr",
                            "name": "verify-tech-team-approvers",
                            "permission": "pull",
                            "privacy": "closed",
                            "slug": "verify-tech-team-approvers"
                        },
                        "meta": {},
                        "tainted": false
                    },
                    "deposed": [],
                    "provider": "provider.github"
                },
                "data.github_team.tech_team": {
                    "type": "github_team",
                    "depends_on": [],
                    "primary": {
                        "id": "2830432",
                        "attributes": {
                            "description": "Verify Tech Team",
                            "id": "2830432",
                            "members.#": "30",
                            "members.0": "idrop",
                            "members.1": "46bit",
                            "members.10": "kerrr",
                            "members.11": "zilnhoj",
                            "members.12": "vixus0",
                            "members.13": "robinmitra",
                            "members.14": "brenetic",
                            "members.15": "nacnudus",
                            "members.16": "CharlesIC",
                            "members.17": "jkunle",
                            "members.18": "sakisv",
                            "members.19": "stephengrier",
                            "members.2": "galund",
                            "members.20": "ronocg",
                            "members.21": "mikieet",
                            "members.22": "Rosa-Fox",
                            "members.23": "AnneCarr",
                            "members.24": "ida-build-bot",
                            "members.25": "chrisclayson",
                            "members.26": "smford",
                            "members.27": "blairboy362",
                            "members.28": "Wynndow",
                            "members.29": "andy-paine",
                            "members.3": "issyl0",
                            "members.4": "phantas",
                            "members.5": "philandstuff",
                            "members.6": "chrisholmes",
                            "members.7": "thomasalanlee",
                            "members.8": "mmhmm",
                            "members.9": "tlwr",
                            "name": "verify-tech-team",
                            "permission": "pull",
                            "privacy": "closed",
                            "slug": "verify-tech-team"
                        },
                        "meta": {},
                        "tainted": false
                    },
                    "deposed": [],
                    "provider": "provider.github"
                },
                "github_team_membership.team_membership": {
                    "type": "github_team_membership",
                    "depends_on": [],
                    "primary": {
                        "id": "2826127:mmhmm",
                        "attributes": {
                            "etag": "W/\"68af0c89127aa93293eb12d124333527\"",
                            "id": "2826127:mmhmm",
                            "role": "member",
                            "team_id": "2826127",
                            "username": "mmhmm"
                        },
                        "meta": {},
                        "tainted": false
                    },
                    "deposed": [],
                    "provider": "provider.github"
                },
                "github_team_membership.tech_team_approver": {
                    "type": "github_team_membership",
                    "depends_on": [
                        "data.github_team.approvers_team"
                    ],
                    "primary": {
                        "id": "3101758:mmhmm",
                        "attributes": {
                            "etag": "W/\"3149b846628d63822c98f76f6cd61890\"",
                            "id": "3101758:mmhmm",
                            "role": "member",
                            "team_id": "3101758",
                            "username": "mmhmm"
                        },
                        "meta": {},
                        "tainted": false
                    },
                    "deposed": [],
                    "provider": "provider.github"
                }
            },
            "depends_on": []
        },
        {
            "path": [
                "root",
                "user_nacnudus"
            ],
            "outputs": {},
            "resources": {
                "data.github_team.approvers_team": {
                    "type": "github_team",
                    "depends_on": [],
                    "primary": {
                        "id": "3101758",
                        "attributes": {
                            "description": "Verify tech team: verify-tech-team-approvers",
                            "id": "3101758",
                            "members.#": "30",
                            "members.0": "idrop",
                            "members.1": "46bit",
                            "members.10": "kerrr",
                            "members.11": "vixus0",
                            "members.12": "robinmitra",
                            "members.13": "brenetic",
                            "members.14": "CharlesIC",
                            "members.15": "sakisv",
                            "members.16": "ronocg",
                            "members.17": "Rosa-Fox",
                            "members.18": "chrisclayson",
                            "members.19": "smford",
                            "members.2": "galund",
                            "members.20": "blairboy362",
                            "members.21": "Wynndow",
                            "members.22": "andy-paine",
                            "members.23": "tomrosier",
                            "members.24": "bravegrape",
                            "members.25": "jstandring-gds",
                            "members.26": "mhussein-gds",
                            "members.27": "adityapahuja",
                            "members.28": "rhowe-gds",
                            "members.29": "AmritSidhu",
                            "members.3": "issyl0",
                            "members.4": "phantas",
                            "members.5": "philandstuff",
                            "members.6": "chrisholmes",
                            "members.7": "thomasalanlee",
                            "members.8": "mmhmm",
                            "members.9": "tlwr",
                            "name": "verify-tech-team-approvers",
                            "permission": "pull",
                            "privacy": "closed",
                            "slug": "verify-tech-team-approvers"
                        },
                        "meta": {},
                        "tainted": false
                    },
                    "deposed": [],
                    "provider": "provider.github"
                },
                "data.github_team.tech_team": {
                    "type": "github_team",
                    "depends_on": [],
                    "primary": {
                        "id": "2830432",
                        "attributes": {
                            "description": "Verify Tech Team",
                            "id": "2830432",
                            "members.#": "30",
                            "members.0": "idrop",
                            "members.1": "46bit",
                            "members.10": "kerrr",
                            "members.11": "zilnhoj",
                            "members.12": "vixus0",
                            "members.13": "robinmitra",
                            "members.14": "brenetic",
                            "members.15": "nacnudus",
                            "members.16": "CharlesIC",
                            "members.17": "jkunle",
                            "members.18": "sakisv",
                            "members.19": "stephengrier",
                            "members.2": "galund",
                            "members.20": "ronocg",
                            "members.21": "mikieet",
                            "members.22": "Rosa-Fox",
                            "members.23": "AnneCarr",
                            "members.24": "ida-build-bot",
                            "members.25": "chrisclayson",
                            "members.26": "smford",
                            "members.27": "blairboy362",
                            "members.28": "Wynndow",
                            "members.29": "andy-paine",
                            "members.3": "issyl0",
                            "members.4": "phantas",
                            "members.5": "philandstuff",
                            "members.6": "chrisholmes",
                            "members.7": "thomasalanlee",
                            "members.8": "mmhmm",
                            "members.9": "tlwr",
                            "name": "verify-tech-team",
                            "permission": "pull",
                            "privacy": "closed",
                            "slug": "verify-tech-team"
                        },
                        "meta": {},
                        "tainted": false
                    },
                    "deposed": [],
                    "provider": "provider.github"
                },
                "github_team_membership.team_membership": {
                    "type": "github_team_membership",
                    "depends_on": [],
                    "primary": {
                        "id": "2826122:nacnudus",
                        "attributes": {
                            "etag": "W/\"d93e6c15cbd17542d2c6e950db14769b\"",
                            "id": "2826122:nacnudus",
                            "role": "member",
                            "team_id": "2826122",
                            "username": "nacnudus"
                        },
                        "meta": {},
                        "tainted": false
                    },
                    "deposed": [],
                    "provider": "provider.github"
                }
            },
            "depends_on": []
        },
        {
            "path": [
                "root",
                "user_phantas"
            ],
            "outputs": {},
            "resources": {
                "data.github_team.approvers_team": {
                    "type": "github_team",
                    "depends_on": [],
                    "primary": {
                        "id": "3101758",
                        "attributes": {
                            "description": "Verify tech team: verify-tech-team-approvers",
                            "id": "3101758",
                            "members.#": "30",
                            "members.0": "idrop",
                            "members.1": "46bit",
                            "members.10": "kerrr",
                            "members.11": "vixus0",
                            "members.12": "robinmitra",
                            "members.13": "brenetic",
                            "members.14": "CharlesIC",
                            "members.15": "sakisv",
                            "members.16": "ronocg",
                            "members.17": "Rosa-Fox",
                            "members.18": "chrisclayson",
                            "members.19": "smford",
                            "members.2": "galund",
                            "members.20": "blairboy362",
                            "members.21": "Wynndow",
                            "members.22": "andy-paine",
                            "members.23": "tomrosier",
                            "members.24": "bravegrape",
                            "members.25": "jstandring-gds",
                            "members.26": "mhussein-gds",
                            "members.27": "adityapahuja",
                            "members.28": "rhowe-gds",
                            "members.29": "AmritSidhu",
                            "members.3": "issyl0",
                            "members.4": "phantas",
                            "members.5": "philandstuff",
                            "members.6": "chrisholmes",
                            "members.7": "thomasalanlee",
                            "members.8": "mmhmm",
                            "members.9": "tlwr",
                            "name": "verify-tech-team-approvers",
                            "permission": "pull",
                            "privacy": "closed",
                            "slug": "verify-tech-team-approvers"
                        },
                        "meta": {},
                        "tainted": false
                    },
                    "deposed": [],
                    "provider": "provider.github"
                },
                "data.github_team.tech_team": {
                    "type": "github_team",
                    "depends_on": [],
                    "primary": {
                        "id": "2830432",
                        "attributes": {
                            "description": "Verify Tech Team",
                            "id": "2830432",
                            "members.#": "30",
                            "members.0": "idrop",
                            "members.1": "46bit",
                            "members.10": "kerrr",
                            "members.11": "zilnhoj",
                            "members.12": "vixus0",
                            "members.13": "robinmitra",
                            "members.14": "brenetic",
                            "members.15": "nacnudus",
                            "members.16": "CharlesIC",
                            "members.17": "jkunle",
                            "members.18": "sakisv",
                            "members.19": "stephengrier",
                            "members.2": "galund",
                            "members.20": "ronocg",
                            "members.21": "mikieet",
                            "members.22": "Rosa-Fox",
                            "members.23": "AnneCarr",
                            "members.24": "ida-build-bot",
                            "members.25": "chrisclayson",
                            "members.26": "smford",
                            "members.27": "blairboy362",
                            "members.28": "Wynndow",
                            "members.29": "andy-paine",
                            "members.3": "issyl0",
                            "members.4": "phantas",
                            "members.5": "philandstuff",
                            "members.6": "chrisholmes",
                            "members.7": "thomasalanlee",
                            "members.8": "mmhmm",
                            "members.9": "tlwr",
                            "name": "verify-tech-team",
                            "permission": "pull",
                            "privacy": "closed",
                            "slug": "verify-tech-team"
                        },
                        "meta": {},
                        "tainted": false
                    },
                    "deposed": [],
                    "provider": "provider.github"
                },
                "github_team_membership.team_membership": {
                    "type": "github_team_membership",
                    "depends_on": [],
                    "primary": {
                        "id": "2826122:phantas",
                        "attributes": {
                            "etag": "W/\"716063635885eb658702bdaebf7dbb69\"",
                            "id": "2826122:phantas",
                            "role": "maintainer",
                            "team_id": "2826122",
                            "username": "phantas"
                        },
                        "meta": {},
                        "tainted": false
                    },
                    "deposed": [],
                    "provider": "provider.github"
                },
                "github_team_membership.tech_team_approver": {
                    "type": "github_team_membership",
                    "depends_on": [
                        "data.github_team.approvers_team"
                    ],
                    "primary": {
                        "id": "3101758:phantas",
                        "attributes": {
                            "etag": "W/\"0f5a1c81cebc39d34484747064bfc1ec\"",
                            "id": "3101758:phantas",
                            "role": "member",
                            "team_id": "3101758",
                            "username": "phantas"
                        },
                        "meta": {},
                        "tainted": false
                    },
                    "deposed": [],
                    "provider": "provider.github"
                },
                "github_team_membership.tech_team_maintainer": {
                    "type": "github_team_membership",
                    "depends_on": [
                        "data.github_team.tech_team"
                    ],
                    "primary": {
                        "id": "2830432:phantas",
                        "attributes": {
                            "etag": "W/\"ed63e850676eb8a97b4cf1689d602f58\"",
                            "id": "2830432:phantas",
                            "role": "maintainer",
                            "team_id": "2830432",
                            "username": "phantas"
                        },
                        "meta": {},
                        "tainted": false
                    },
                    "deposed": [],
                    "provider": "provider.github"
                }
            },
            "depends_on": []
        },
        {
            "path": [
                "root",
                "user_philandstuff"
            ],
            "outputs": {},
            "resources": {
                "data.github_team.approvers_team": {
                    "type": "github_team",
                    "depends_on": [],
                    "primary": {
                        "id": "3101758",
                        "attributes": {
                            "description": "Verify tech team: verify-tech-team-approvers",
                            "id": "3101758",
                            "members.#": "30",
                            "members.0": "idrop",
                            "members.1": "46bit",
                            "members.10": "kerrr",
                            "members.11": "vixus0",
                            "members.12": "robinmitra",
                            "members.13": "brenetic",
                            "members.14": "CharlesIC",
                            "members.15": "sakisv",
                            "members.16": "ronocg",
                            "members.17": "Rosa-Fox",
                            "members.18": "chrisclayson",
                            "members.19": "smford",
                            "members.2": "galund",
                            "members.20": "blairboy362",
                            "members.21": "Wynndow",
                            "members.22": "andy-paine",
                            "members.23": "tomrosier",
                            "members.24": "bravegrape",
                            "members.25": "jstandring-gds",
                            "members.26": "mhussein-gds",
                            "members.27": "adityapahuja",
                            "members.28": "rhowe-gds",
                            "members.29": "AmritSidhu",
                            "members.3": "issyl0",
                            "members.4": "phantas",
                            "members.5": "philandstuff",
                            "members.6": "chrisholmes",
                            "members.7": "thomasalanlee",
                            "members.8": "mmhmm",
                            "members.9": "tlwr",
                            "name": "verify-tech-team-approvers",
                            "permission": "pull",
                            "privacy": "closed",
                            "slug": "verify-tech-team-approvers"
                        },
                        "meta": {},
                        "tainted": false
                    },
                    "deposed": [],
                    "provider": "provider.github"
                },
                "data.github_team.tech_team": {
                    "type": "github_team",
                    "depends_on": [],
                    "primary": {
                        "id": "2830432",
                        "attributes": {
                            "description": "Verify Tech Team",
                            "id": "2830432",
                            "members.#": "30",
                            "members.0": "idrop",
                            "members.1": "46bit",
                            "members.10": "kerrr",
                            "members.11": "zilnhoj",
                            "members.12": "vixus0",
                            "members.13": "robinmitra",
                            "members.14": "brenetic",
                            "members.15": "nacnudus",
                            "members.16": "CharlesIC",
                            "members.17": "jkunle",
                            "members.18": "sakisv",
                            "members.19": "stephengrier",
                            "members.2": "galund",
                            "members.20": "ronocg",
                            "members.21": "mikieet",
                            "members.22": "Rosa-Fox",
                            "members.23": "AnneCarr",
                            "members.24": "ida-build-bot",
                            "members.25": "chrisclayson",
                            "members.26": "smford",
                            "members.27": "blairboy362",
                            "members.28": "Wynndow",
                            "members.29": "andy-paine",
                            "members.3": "issyl0",
                            "members.4": "phantas",
                            "members.5": "philandstuff",
                            "members.6": "chrisholmes",
                            "members.7": "thomasalanlee",
                            "members.8": "mmhmm",
                            "members.9": "tlwr",
                            "name": "verify-tech-team",
                            "permission": "pull",
                            "privacy": "closed",
                            "slug": "verify-tech-team"
                        },
                        "meta": {},
                        "tainted": false
                    },
                    "deposed": [],
                    "provider": "provider.github"
                },
                "github_team_membership.team_membership.0": {
                    "type": "github_team_membership",
                    "depends_on": [],
                    "primary": {
                        "id": "2826122:philandstuff",
                        "attributes": {
                            "etag": "W/\"640201bd260e37d43dbb0057924f9e03\"",
                            "id": "2826122:philandstuff",
                            "role": "member",
                            "team_id": "2826122",
                            "username": "philandstuff"
                        },
                        "meta": {},
                        "tainted": false
                    },
                    "deposed": [],
                    "provider": "provider.github"
                },
                "github_team_membership.team_membership.1": {
                    "type": "github_team_membership",
                    "depends_on": [],
                    "primary": {
                        "id": "2826127:philandstuff",
                        "attributes": {
                            "etag": "W/\"249b402c14d565b85391f9ba60c16dcf\"",
                            "id": "2826127:philandstuff",
                            "role": "member",
                            "team_id": "2826127",
                            "username": "philandstuff"
                        },
                        "meta": {},
                        "tainted": false
                    },
                    "deposed": [],
                    "provider": "provider.github"
                },
                "github_team_membership.tech_team_approver": {
                    "type": "github_team_membership",
                    "depends_on": [
                        "data.github_team.approvers_team"
                    ],
                    "primary": {
                        "id": "3101758:philandstuff",
                        "attributes": {
                            "etag": "W/\"e5b7c0346150137959d6f84ddaa3616a\"",
                            "id": "3101758:philandstuff",
                            "role": "member",
                            "team_id": "3101758",
                            "username": "philandstuff"
                        },
                        "meta": {},
                        "tainted": false
                    },
                    "deposed": [],
                    "provider": "provider.github"
                }
            },
            "depends_on": []
        },
        {
            "path": [
                "root",
                "user_racinghippo"
            ],
            "outputs": {},
            "resources": {
                "data.github_team.approvers_team": {
                    "type": "github_team",
                    "depends_on": [],
                    "primary": {
                        "id": "3101758",
                        "attributes": {
                            "description": "Verify tech team: verify-tech-team-approvers",
                            "id": "3101758",
                            "members.#": "30",
                            "members.0": "idrop",
                            "members.1": "46bit",
                            "members.10": "kerrr",
                            "members.11": "vixus0",
                            "members.12": "robinmitra",
                            "members.13": "brenetic",
                            "members.14": "CharlesIC",
                            "members.15": "sakisv",
                            "members.16": "ronocg",
                            "members.17": "Rosa-Fox",
                            "members.18": "chrisclayson",
                            "members.19": "smford",
                            "members.2": "galund",
                            "members.20": "blairboy362",
                            "members.21": "Wynndow",
                            "members.22": "andy-paine",
                            "members.23": "tomrosier",
                            "members.24": "bravegrape",
                            "members.25": "jstandring-gds",
                            "members.26": "mhussein-gds",
                            "members.27": "adityapahuja",
                            "members.28": "rhowe-gds",
                            "members.29": "AmritSidhu",
                            "members.3": "issyl0",
                            "members.4": "phantas",
                            "members.5": "philandstuff",
                            "members.6": "chrisholmes",
                            "members.7": "thomasalanlee",
                            "members.8": "mmhmm",
                            "members.9": "tlwr",
                            "name": "verify-tech-team-approvers",
                            "permission": "pull",
                            "privacy": "closed",
                            "slug": "verify-tech-team-approvers"
                        },
                        "meta": {},
                        "tainted": false
                    },
                    "deposed": [],
                    "provider": "provider.github"
                },
                "data.github_team.tech_team": {
                    "type": "github_team",
                    "depends_on": [],
                    "primary": {
                        "id": "2830432",
                        "attributes": {
                            "description": "Verify Tech Team",
                            "id": "2830432",
                            "members.#": "30",
                            "members.0": "idrop",
                            "members.1": "46bit",
                            "members.10": "kerrr",
                            "members.11": "zilnhoj",
                            "members.12": "vixus0",
                            "members.13": "robinmitra",
                            "members.14": "brenetic",
                            "members.15": "nacnudus",
                            "members.16": "CharlesIC",
                            "members.17": "jkunle",
                            "members.18": "sakisv",
                            "members.19": "stephengrier",
                            "members.2": "galund",
                            "members.20": "ronocg",
                            "members.21": "mikieet",
                            "members.22": "Rosa-Fox",
                            "members.23": "AnneCarr",
                            "members.24": "ida-build-bot",
                            "members.25": "chrisclayson",
                            "members.26": "smford",
                            "members.27": "blairboy362",
                            "members.28": "Wynndow",
                            "members.29": "andy-paine",
                            "members.3": "issyl0",
                            "members.4": "phantas",
                            "members.5": "philandstuff",
                            "members.6": "chrisholmes",
                            "members.7": "thomasalanlee",
                            "members.8": "mmhmm",
                            "members.9": "tlwr",
                            "name": "verify-tech-team",
                            "permission": "pull",
                            "privacy": "closed",
                            "slug": "verify-tech-team"
                        },
                        "meta": {},
                        "tainted": false
                    },
                    "deposed": [],
                    "provider": "provider.github"
                },
                "github_team_membership.team_membership": {
                    "type": "github_team_membership",
                    "depends_on": [],
                    "primary": {
                        "id": "2826122:RacingHippo",
                        "attributes": {
                            "etag": "W/\"6b39bec88daa08c164c2f98cb79b5079\"",
                            "id": "2826122:RacingHippo",
                            "role": "member",
                            "team_id": "2826122",
                            "username": "RacingHippo"
                        },
                        "meta": {},
                        "tainted": false
                    },
                    "deposed": [],
                    "provider": "provider.github"
                }
            },
            "depends_on": []
        },
        {
            "path": [
                "root",
                "user_rhowe_gds"
            ],
            "outputs": {},
            "resources": {
                "data.github_team.approvers_team": {
                    "type": "github_team",
                    "depends_on": [],
                    "primary": {
                        "id": "3101758",
                        "attributes": {
                            "description": "Verify tech team: verify-tech-team-approvers",
                            "id": "3101758",
                            "members.#": "30",
                            "members.0": "idrop",
                            "members.1": "46bit",
                            "members.10": "kerrr",
                            "members.11": "vixus0",
                            "members.12": "robinmitra",
                            "members.13": "brenetic",
                            "members.14": "CharlesIC",
                            "members.15": "sakisv",
                            "members.16": "ronocg",
                            "members.17": "Rosa-Fox",
                            "members.18": "chrisclayson",
                            "members.19": "smford",
                            "members.2": "galund",
                            "members.20": "blairboy362",
                            "members.21": "Wynndow",
                            "members.22": "andy-paine",
                            "members.23": "tomrosier",
                            "members.24": "bravegrape",
                            "members.25": "jstandring-gds",
                            "members.26": "mhussein-gds",
                            "members.27": "adityapahuja",
                            "members.28": "rhowe-gds",
                            "members.29": "AmritSidhu",
                            "members.3": "issyl0",
                            "members.4": "phantas",
                            "members.5": "philandstuff",
                            "members.6": "chrisholmes",
                            "members.7": "thomasalanlee",
                            "members.8": "mmhmm",
                            "members.9": "tlwr",
                            "name": "verify-tech-team-approvers",
                            "permission": "pull",
                            "privacy": "closed",
                            "slug": "verify-tech-team-approvers"
                        },
                        "meta": {},
                        "tainted": false
                    },
                    "deposed": [],
                    "provider": "provider.github"
                },
                "data.github_team.tech_team": {
                    "type": "github_team",
                    "depends_on": [],
                    "primary": {
                        "id": "2830432",
                        "attributes": {
                            "description": "Verify Tech Team",
                            "id": "2830432",
                            "members.#": "30",
                            "members.0": "idrop",
                            "members.1": "46bit",
                            "members.10": "kerrr",
                            "members.11": "zilnhoj",
                            "members.12": "vixus0",
                            "members.13": "robinmitra",
                            "members.14": "brenetic",
                            "members.15": "nacnudus",
                            "members.16": "CharlesIC",
                            "members.17": "jkunle",
                            "members.18": "sakisv",
                            "members.19": "stephengrier",
                            "members.2": "galund",
                            "members.20": "ronocg",
                            "members.21": "mikieet",
                            "members.22": "Rosa-Fox",
                            "members.23": "AnneCarr",
                            "members.24": "ida-build-bot",
                            "members.25": "chrisclayson",
                            "members.26": "smford",
                            "members.27": "blairboy362",
                            "members.28": "Wynndow",
                            "members.29": "andy-paine",
                            "members.3": "issyl0",
                            "members.4": "phantas",
                            "members.5": "philandstuff",
                            "members.6": "chrisholmes",
                            "members.7": "thomasalanlee",
                            "members.8": "mmhmm",
                            "members.9": "tlwr",
                            "name": "verify-tech-team",
                            "permission": "pull",
                            "privacy": "closed",
                            "slug": "verify-tech-team"
                        },
                        "meta": {},
                        "tainted": false
                    },
                    "deposed": [],
                    "provider": "provider.github"
                },
                "github_team_membership.team_membership.0": {
                    "type": "github_team_membership",
                    "depends_on": [],
                    "primary": {
                        "id": "2826122:rhowe-gds",
                        "attributes": {
                            "etag": "W/\"08ffefc98b4bc69ebf49f980e6d2273a\"",
                            "id": "2826122:rhowe-gds",
                            "role": "member",
                            "team_id": "2826122",
                            "username": "rhowe-gds"
                        },
                        "meta": {},
                        "tainted": false
                    },
                    "deposed": [],
                    "provider": "provider.github"
                },
                "github_team_membership.team_membership.1": {
                    "type": "github_team_membership",
                    "depends_on": [],
                    "primary": {
                        "id": "2826127:rhowe-gds",
                        "attributes": {
                            "etag": "W/\"c781484573e9b04cd117825d60e050c2\"",
                            "id": "2826127:rhowe-gds",
                            "role": "member",
                            "team_id": "2826127",
                            "username": "rhowe-gds"
                        },
                        "meta": {},
                        "tainted": false
                    },
                    "deposed": [],
                    "provider": "provider.github"
                },
                "github_team_membership.tech_team_approver": {
                    "type": "github_team_membership",
                    "depends_on": [
                        "data.github_team.approvers_team"
                    ],
                    "primary": {
                        "id": "3101758:rhowe-gds",
                        "attributes": {
                            "etag": "W/\"94c26c666860109aa833482cfe6ddeb2\"",
                            "id": "3101758:rhowe-gds",
                            "role": "member",
                            "team_id": "3101758",
                            "username": "rhowe-gds"
                        },
                        "meta": {},
                        "tainted": false
                    },
                    "deposed": [],
                    "provider": "provider.github"
                }
            },
            "depends_on": []
        },
        {
            "path": [
                "root",
                "user_robinmitra"
            ],
            "outputs": {},
            "resources": {
                "data.github_team.approvers_team": {
                    "type": "github_team",
                    "depends_on": [],
                    "primary": {
                        "id": "3101758",
                        "attributes": {
                            "description": "Verify tech team: verify-tech-team-approvers",
                            "id": "3101758",
                            "members.#": "30",
                            "members.0": "idrop",
                            "members.1": "46bit",
                            "members.10": "kerrr",
                            "members.11": "vixus0",
                            "members.12": "robinmitra",
                            "members.13": "brenetic",
                            "members.14": "CharlesIC",
                            "members.15": "sakisv",
                            "members.16": "ronocg",
                            "members.17": "Rosa-Fox",
                            "members.18": "chrisclayson",
                            "members.19": "smford",
                            "members.2": "galund",
                            "members.20": "blairboy362",
                            "members.21": "Wynndow",
                            "members.22": "andy-paine",
                            "members.23": "tomrosier",
                            "members.24": "bravegrape",
                            "members.25": "jstandring-gds",
                            "members.26": "mhussein-gds",
                            "members.27": "adityapahuja",
                            "members.28": "rhowe-gds",
                            "members.29": "AmritSidhu",
                            "members.3": "issyl0",
                            "members.4": "phantas",
                            "members.5": "philandstuff",
                            "members.6": "chrisholmes",
                            "members.7": "thomasalanlee",
                            "members.8": "mmhmm",
                            "members.9": "tlwr",
                            "name": "verify-tech-team-approvers",
                            "permission": "pull",
                            "privacy": "closed",
                            "slug": "verify-tech-team-approvers"
                        },
                        "meta": {},
                        "tainted": false
                    },
                    "deposed": [],
                    "provider": "provider.github"
                },
                "data.github_team.tech_team": {
                    "type": "github_team",
                    "depends_on": [],
                    "primary": {
                        "id": "2830432",
                        "attributes": {
                            "description": "Verify Tech Team",
                            "id": "2830432",
                            "members.#": "30",
                            "members.0": "idrop",
                            "members.1": "46bit",
                            "members.10": "kerrr",
                            "members.11": "zilnhoj",
                            "members.12": "vixus0",
                            "members.13": "robinmitra",
                            "members.14": "brenetic",
                            "members.15": "nacnudus",
                            "members.16": "CharlesIC",
                            "members.17": "jkunle",
                            "members.18": "sakisv",
                            "members.19": "stephengrier",
                            "members.2": "galund",
                            "members.20": "ronocg",
                            "members.21": "mikieet",
                            "members.22": "Rosa-Fox",
                            "members.23": "AnneCarr",
                            "members.24": "ida-build-bot",
                            "members.25": "chrisclayson",
                            "members.26": "smford",
                            "members.27": "blairboy362",
                            "members.28": "Wynndow",
                            "members.29": "andy-paine",
                            "members.3": "issyl0",
                            "members.4": "phantas",
                            "members.5": "philandstuff",
                            "members.6": "chrisholmes",
                            "members.7": "thomasalanlee",
                            "members.8": "mmhmm",
                            "members.9": "tlwr",
                            "name": "verify-tech-team",
                            "permission": "pull",
                            "privacy": "closed",
                            "slug": "verify-tech-team"
                        },
                        "meta": {},
                        "tainted": false
                    },
                    "deposed": [],
                    "provider": "provider.github"
                },
                "github_team_membership.team_membership": {
                    "type": "github_team_membership",
                    "depends_on": [],
                    "primary": {
                        "id": "2826122:robinmitra",
                        "attributes": {
                            "etag": "W/\"2065853490cbf4b9ab5d74cc66d6def5\"",
                            "id": "2826122:robinmitra",
                            "role": "member",
                            "team_id": "2826122",
                            "username": "robinmitra"
                        },
                        "meta": {},
                        "tainted": false
                    },
                    "deposed": [],
                    "provider": "provider.github"
                },
                "github_team_membership.tech_team_approver": {
                    "type": "github_team_membership",
                    "depends_on": [
                        "data.github_team.approvers_team"
                    ],
                    "primary": {
                        "id": "3101758:robinmitra",
                        "attributes": {
                            "etag": "W/\"a94f289181b0003fadc5e6bb2207a9f0\"",
                            "id": "3101758:robinmitra",
                            "role": "member",
                            "team_id": "3101758",
                            "username": "robinmitra"
                        },
                        "meta": {},
                        "tainted": false
                    },
                    "deposed": [],
                    "provider": "provider.github"
                }
            },
            "depends_on": []
        },
        {
            "path": [
                "root",
                "user_ronocg"
            ],
            "outputs": {},
            "resources": {
                "data.github_team.approvers_team": {
                    "type": "github_team",
                    "depends_on": [],
                    "primary": {
                        "id": "3101758",
                        "attributes": {
                            "description": "Verify tech team: verify-tech-team-approvers",
                            "id": "3101758",
                            "members.#": "30",
                            "members.0": "idrop",
                            "members.1": "46bit",
                            "members.10": "kerrr",
                            "members.11": "vixus0",
                            "members.12": "robinmitra",
                            "members.13": "brenetic",
                            "members.14": "CharlesIC",
                            "members.15": "sakisv",
                            "members.16": "ronocg",
                            "members.17": "Rosa-Fox",
                            "members.18": "chrisclayson",
                            "members.19": "smford",
                            "members.2": "galund",
                            "members.20": "blairboy362",
                            "members.21": "Wynndow",
                            "members.22": "andy-paine",
                            "members.23": "tomrosier",
                            "members.24": "bravegrape",
                            "members.25": "jstandring-gds",
                            "members.26": "mhussein-gds",
                            "members.27": "adityapahuja",
                            "members.28": "rhowe-gds",
                            "members.29": "AmritSidhu",
                            "members.3": "issyl0",
                            "members.4": "phantas",
                            "members.5": "philandstuff",
                            "members.6": "chrisholmes",
                            "members.7": "thomasalanlee",
                            "members.8": "mmhmm",
                            "members.9": "tlwr",
                            "name": "verify-tech-team-approvers",
                            "permission": "pull",
                            "privacy": "closed",
                            "slug": "verify-tech-team-approvers"
                        },
                        "meta": {},
                        "tainted": false
                    },
                    "deposed": [],
                    "provider": "provider.github"
                },
                "data.github_team.tech_team": {
                    "type": "github_team",
                    "depends_on": [],
                    "primary": {
                        "id": "2830432",
                        "attributes": {
                            "description": "Verify Tech Team",
                            "id": "2830432",
                            "members.#": "30",
                            "members.0": "idrop",
                            "members.1": "46bit",
                            "members.10": "kerrr",
                            "members.11": "zilnhoj",
                            "members.12": "vixus0",
                            "members.13": "robinmitra",
                            "members.14": "brenetic",
                            "members.15": "nacnudus",
                            "members.16": "CharlesIC",
                            "members.17": "jkunle",
                            "members.18": "sakisv",
                            "members.19": "stephengrier",
                            "members.2": "galund",
                            "members.20": "ronocg",
                            "members.21": "mikieet",
                            "members.22": "Rosa-Fox",
                            "members.23": "AnneCarr",
                            "members.24": "ida-build-bot",
                            "members.25": "chrisclayson",
                            "members.26": "smford",
                            "members.27": "blairboy362",
                            "members.28": "Wynndow",
                            "members.29": "andy-paine",
                            "members.3": "issyl0",
                            "members.4": "phantas",
                            "members.5": "philandstuff",
                            "members.6": "chrisholmes",
                            "members.7": "thomasalanlee",
                            "members.8": "mmhmm",
                            "members.9": "tlwr",
                            "name": "verify-tech-team",
                            "permission": "pull",
                            "privacy": "closed",
                            "slug": "verify-tech-team"
                        },
                        "meta": {},
                        "tainted": false
                    },
                    "deposed": [],
                    "provider": "provider.github"
                },
                "github_team_membership.team_membership": {
                    "type": "github_team_membership",
                    "depends_on": [],
                    "primary": {
                        "id": "2826127:ronocg",
                        "attributes": {
                            "etag": "W/\"11989e7b7660b26bc606324cd91828a9\"",
                            "id": "2826127:ronocg",
                            "role": "member",
                            "team_id": "2826127",
                            "username": "ronocg"
                        },
                        "meta": {},
                        "tainted": false
                    },
                    "deposed": [],
                    "provider": "provider.github"
                },
                "github_team_membership.tech_team_approver": {
                    "type": "github_team_membership",
                    "depends_on": [
                        "data.github_team.approvers_team"
                    ],
                    "primary": {
                        "id": "3101758:ronocg",
                        "attributes": {
                            "etag": "W/\"8443471f1a608edac7d2c63da25cbf53\"",
                            "id": "3101758:ronocg",
                            "role": "member",
                            "team_id": "3101758",
                            "username": "ronocg"
                        },
                        "meta": {},
                        "tainted": false
                    },
                    "deposed": [],
                    "provider": "provider.github"
                }
            },
            "depends_on": []
        },
        {
            "path": [
                "root",
                "user_rosa_fox"
            ],
            "outputs": {},
            "resources": {
                "data.github_team.approvers_team": {
                    "type": "github_team",
                    "depends_on": [],
                    "primary": {
                        "id": "3101758",
                        "attributes": {
                            "description": "Verify tech team: verify-tech-team-approvers",
                            "id": "3101758",
                            "members.#": "30",
                            "members.0": "idrop",
                            "members.1": "46bit",
                            "members.10": "kerrr",
                            "members.11": "vixus0",
                            "members.12": "robinmitra",
                            "members.13": "brenetic",
                            "members.14": "CharlesIC",
                            "members.15": "sakisv",
                            "members.16": "ronocg",
                            "members.17": "Rosa-Fox",
                            "members.18": "chrisclayson",
                            "members.19": "smford",
                            "members.2": "galund",
                            "members.20": "blairboy362",
                            "members.21": "Wynndow",
                            "members.22": "andy-paine",
                            "members.23": "tomrosier",
                            "members.24": "bravegrape",
                            "members.25": "jstandring-gds",
                            "members.26": "mhussein-gds",
                            "members.27": "adityapahuja",
                            "members.28": "rhowe-gds",
                            "members.29": "AmritSidhu",
                            "members.3": "issyl0",
                            "members.4": "phantas",
                            "members.5": "philandstuff",
                            "members.6": "chrisholmes",
                            "members.7": "thomasalanlee",
                            "members.8": "mmhmm",
                            "members.9": "tlwr",
                            "name": "verify-tech-team-approvers",
                            "permission": "pull",
                            "privacy": "closed",
                            "slug": "verify-tech-team-approvers"
                        },
                        "meta": {},
                        "tainted": false
                    },
                    "deposed": [],
                    "provider": "provider.github"
                },
                "data.github_team.tech_team": {
                    "type": "github_team",
                    "depends_on": [],
                    "primary": {
                        "id": "2830432",
                        "attributes": {
                            "description": "Verify Tech Team",
                            "id": "2830432",
                            "members.#": "30",
                            "members.0": "idrop",
                            "members.1": "46bit",
                            "members.10": "kerrr",
                            "members.11": "zilnhoj",
                            "members.12": "vixus0",
                            "members.13": "robinmitra",
                            "members.14": "brenetic",
                            "members.15": "nacnudus",
                            "members.16": "CharlesIC",
                            "members.17": "jkunle",
                            "members.18": "sakisv",
                            "members.19": "stephengrier",
                            "members.2": "galund",
                            "members.20": "ronocg",
                            "members.21": "mikieet",
                            "members.22": "Rosa-Fox",
                            "members.23": "AnneCarr",
                            "members.24": "ida-build-bot",
                            "members.25": "chrisclayson",
                            "members.26": "smford",
                            "members.27": "blairboy362",
                            "members.28": "Wynndow",
                            "members.29": "andy-paine",
                            "members.3": "issyl0",
                            "members.4": "phantas",
                            "members.5": "philandstuff",
                            "members.6": "chrisholmes",
                            "members.7": "thomasalanlee",
                            "members.8": "mmhmm",
                            "members.9": "tlwr",
                            "name": "verify-tech-team",
                            "permission": "pull",
                            "privacy": "closed",
                            "slug": "verify-tech-team"
                        },
                        "meta": {},
                        "tainted": false
                    },
                    "deposed": [],
                    "provider": "provider.github"
                },
                "github_team_membership.team_membership": {
                    "type": "github_team_membership",
                    "depends_on": [],
                    "primary": {
                        "id": "2826122:Rosa-Fox",
                        "attributes": {
                            "etag": "W/\"b1ad2c0ca34a8889f972cb4519980aea\"",
                            "id": "2826122:Rosa-Fox",
                            "role": "member",
                            "team_id": "2826122",
                            "username": "Rosa-Fox"
                        },
                        "meta": {},
                        "tainted": false
                    },
                    "deposed": [],
                    "provider": "provider.github"
                },
                "github_team_membership.tech_team_approver": {
                    "type": "github_team_membership",
                    "depends_on": [
                        "data.github_team.approvers_team"
                    ],
                    "primary": {
                        "id": "3101758:Rosa-Fox",
                        "attributes": {
                            "etag": "W/\"ae010a44a3e43449e64396028a0a7f7e\"",
                            "id": "3101758:Rosa-Fox",
                            "role": "member",
                            "team_id": "3101758",
                            "username": "Rosa-Fox"
                        },
                        "meta": {},
                        "tainted": false
                    },
                    "deposed": [],
                    "provider": "provider.github"
                }
            },
            "depends_on": []
        },
        {
            "path": [
                "root",
                "user_sakisv"
            ],
            "outputs": {},
            "resources": {
                "data.github_team.approvers_team": {
                    "type": "github_team",
                    "depends_on": [],
                    "primary": {
                        "id": "3101758",
                        "attributes": {
                            "description": "Verify tech team: verify-tech-team-approvers",
                            "id": "3101758",
                            "members.#": "30",
                            "members.0": "idrop",
                            "members.1": "46bit",
                            "members.10": "kerrr",
                            "members.11": "vixus0",
                            "members.12": "robinmitra",
                            "members.13": "brenetic",
                            "members.14": "CharlesIC",
                            "members.15": "sakisv",
                            "members.16": "ronocg",
                            "members.17": "Rosa-Fox",
                            "members.18": "chrisclayson",
                            "members.19": "smford",
                            "members.2": "galund",
                            "members.20": "blairboy362",
                            "members.21": "Wynndow",
                            "members.22": "andy-paine",
                            "members.23": "tomrosier",
                            "members.24": "bravegrape",
                            "members.25": "jstandring-gds",
                            "members.26": "mhussein-gds",
                            "members.27": "adityapahuja",
                            "members.28": "rhowe-gds",
                            "members.29": "AmritSidhu",
                            "members.3": "issyl0",
                            "members.4": "phantas",
                            "members.5": "philandstuff",
                            "members.6": "chrisholmes",
                            "members.7": "thomasalanlee",
                            "members.8": "mmhmm",
                            "members.9": "tlwr",
                            "name": "verify-tech-team-approvers",
                            "permission": "pull",
                            "privacy": "closed",
                            "slug": "verify-tech-team-approvers"
                        },
                        "meta": {},
                        "tainted": false
                    },
                    "deposed": [],
                    "provider": "provider.github"
                },
                "data.github_team.tech_team": {
                    "type": "github_team",
                    "depends_on": [],
                    "primary": {
                        "id": "2830432",
                        "attributes": {
                            "description": "Verify Tech Team",
                            "id": "2830432",
                            "members.#": "30",
                            "members.0": "idrop",
                            "members.1": "46bit",
                            "members.10": "kerrr",
                            "members.11": "zilnhoj",
                            "members.12": "vixus0",
                            "members.13": "robinmitra",
                            "members.14": "brenetic",
                            "members.15": "nacnudus",
                            "members.16": "CharlesIC",
                            "members.17": "jkunle",
                            "members.18": "sakisv",
                            "members.19": "stephengrier",
                            "members.2": "galund",
                            "members.20": "ronocg",
                            "members.21": "mikieet",
                            "members.22": "Rosa-Fox",
                            "members.23": "AnneCarr",
                            "members.24": "ida-build-bot",
                            "members.25": "chrisclayson",
                            "members.26": "smford",
                            "members.27": "blairboy362",
                            "members.28": "Wynndow",
                            "members.29": "andy-paine",
                            "members.3": "issyl0",
                            "members.4": "phantas",
                            "members.5": "philandstuff",
                            "members.6": "chrisholmes",
                            "members.7": "thomasalanlee",
                            "members.8": "mmhmm",
                            "members.9": "tlwr",
                            "name": "verify-tech-team",
                            "permission": "pull",
                            "privacy": "closed",
                            "slug": "verify-tech-team"
                        },
                        "meta": {},
                        "tainted": false
                    },
                    "deposed": [],
                    "provider": "provider.github"
                },
                "github_team_membership.team_membership.0": {
                    "type": "github_team_membership",
                    "depends_on": [],
                    "primary": {
                        "id": "2826122:sakisv",
                        "attributes": {
                            "etag": "W/\"52c4126cbfb921ecaa529f2fab3b5c3f\"",
                            "id": "2826122:sakisv",
                            "role": "member",
                            "team_id": "2826122",
                            "username": "sakisv"
                        },
                        "meta": {},
                        "tainted": false
                    },
                    "deposed": [],
                    "provider": "provider.github"
                },
                "github_team_membership.team_membership.1": {
                    "type": "github_team_membership",
                    "depends_on": [],
                    "primary": {
                        "id": "2826127:sakisv",
                        "attributes": {
                            "etag": "W/\"c51a6472bf1059fb24f5d3d7edc892fb\"",
                            "id": "2826127:sakisv",
                            "role": "member",
                            "team_id": "2826127",
                            "username": "sakisv"
                        },
                        "meta": {},
                        "tainted": false
                    },
                    "deposed": [],
                    "provider": "provider.github"
                },
                "github_team_membership.tech_team_approver": {
                    "type": "github_team_membership",
                    "depends_on": [
                        "data.github_team.approvers_team"
                    ],
                    "primary": {
                        "id": "3101758:sakisv",
                        "attributes": {
                            "etag": "W/\"6eeee2309dd79dc0f22752e8a3197ca4\"",
                            "id": "3101758:sakisv",
                            "role": "member",
                            "team_id": "3101758",
                            "username": "sakisv"
                        },
                        "meta": {},
                        "tainted": false
                    },
                    "deposed": [],
                    "provider": "provider.github"
                }
            },
            "depends_on": []
        },
        {
            "path": [
                "root",
                "user_sarahdean"
            ],
            "outputs": {},
            "resources": {
                "data.github_team.approvers_team": {
                    "type": "github_team",
                    "depends_on": [],
                    "primary": {
                        "id": "3101758",
                        "attributes": {
                            "description": "Verify tech team: verify-tech-team-approvers",
                            "id": "3101758",
                            "members.#": "30",
                            "members.0": "idrop",
                            "members.1": "46bit",
                            "members.10": "kerrr",
                            "members.11": "vixus0",
                            "members.12": "robinmitra",
                            "members.13": "brenetic",
                            "members.14": "CharlesIC",
                            "members.15": "sakisv",
                            "members.16": "ronocg",
                            "members.17": "Rosa-Fox",
                            "members.18": "chrisclayson",
                            "members.19": "smford",
                            "members.2": "galund",
                            "members.20": "blairboy362",
                            "members.21": "Wynndow",
                            "members.22": "andy-paine",
                            "members.23": "tomrosier",
                            "members.24": "bravegrape",
                            "members.25": "jstandring-gds",
                            "members.26": "mhussein-gds",
                            "members.27": "adityapahuja",
                            "members.28": "rhowe-gds",
                            "members.29": "AmritSidhu",
                            "members.3": "issyl0",
                            "members.4": "phantas",
                            "members.5": "philandstuff",
                            "members.6": "chrisholmes",
                            "members.7": "thomasalanlee",
                            "members.8": "mmhmm",
                            "members.9": "tlwr",
                            "name": "verify-tech-team-approvers",
                            "permission": "pull",
                            "privacy": "closed",
                            "slug": "verify-tech-team-approvers"
                        },
                        "meta": {},
                        "tainted": false
                    },
                    "deposed": [],
                    "provider": "provider.github"
                },
                "data.github_team.tech_team": {
                    "type": "github_team",
                    "depends_on": [],
                    "primary": {
                        "id": "2830432",
                        "attributes": {
                            "description": "Verify Tech Team",
                            "id": "2830432",
                            "members.#": "30",
                            "members.0": "idrop",
                            "members.1": "46bit",
                            "members.10": "kerrr",
                            "members.11": "zilnhoj",
                            "members.12": "vixus0",
                            "members.13": "robinmitra",
                            "members.14": "brenetic",
                            "members.15": "nacnudus",
                            "members.16": "CharlesIC",
                            "members.17": "jkunle",
                            "members.18": "sakisv",
                            "members.19": "stephengrier",
                            "members.2": "galund",
                            "members.20": "ronocg",
                            "members.21": "mikieet",
                            "members.22": "Rosa-Fox",
                            "members.23": "AnneCarr",
                            "members.24": "ida-build-bot",
                            "members.25": "chrisclayson",
                            "members.26": "smford",
                            "members.27": "blairboy362",
                            "members.28": "Wynndow",
                            "members.29": "andy-paine",
                            "members.3": "issyl0",
                            "members.4": "phantas",
                            "members.5": "philandstuff",
                            "members.6": "chrisholmes",
                            "members.7": "thomasalanlee",
                            "members.8": "mmhmm",
                            "members.9": "tlwr",
                            "name": "verify-tech-team",
                            "permission": "pull",
                            "privacy": "closed",
                            "slug": "verify-tech-team"
                        },
                        "meta": {},
                        "tainted": false
                    },
                    "deposed": [],
                    "provider": "provider.github"
                },
                "github_team_membership.team_membership": {
                    "type": "github_team_membership",
                    "depends_on": [],
                    "primary": {
                        "id": "2826122:sarah-dean",
                        "attributes": {
                            "etag": "W/\"a81c140eac02e802cb2dcfb0f2390b1f\"",
                            "id": "2826122:sarah-dean",
                            "role": "member",
                            "team_id": "2826122",
                            "username": "sarah-dean"
                        },
                        "meta": {},
                        "tainted": false
                    },
                    "deposed": [],
                    "provider": "provider.github"
                }
            },
            "depends_on": []
        },
        {
            "path": [
                "root",
                "user_smford"
            ],
            "outputs": {},
            "resources": {
                "data.github_team.approvers_team": {
                    "type": "github_team",
                    "depends_on": [],
                    "primary": {
                        "id": "3101758",
                        "attributes": {
                            "description": "Verify tech team: verify-tech-team-approvers",
                            "id": "3101758",
                            "members.#": "30",
                            "members.0": "idrop",
                            "members.1": "46bit",
                            "members.10": "kerrr",
                            "members.11": "vixus0",
                            "members.12": "robinmitra",
                            "members.13": "brenetic",
                            "members.14": "CharlesIC",
                            "members.15": "sakisv",
                            "members.16": "ronocg",
                            "members.17": "Rosa-Fox",
                            "members.18": "chrisclayson",
                            "members.19": "smford",
                            "members.2": "galund",
                            "members.20": "blairboy362",
                            "members.21": "Wynndow",
                            "members.22": "andy-paine",
                            "members.23": "tomrosier",
                            "members.24": "bravegrape",
                            "members.25": "jstandring-gds",
                            "members.26": "mhussein-gds",
                            "members.27": "adityapahuja",
                            "members.28": "rhowe-gds",
                            "members.29": "AmritSidhu",
                            "members.3": "issyl0",
                            "members.4": "phantas",
                            "members.5": "philandstuff",
                            "members.6": "chrisholmes",
                            "members.7": "thomasalanlee",
                            "members.8": "mmhmm",
                            "members.9": "tlwr",
                            "name": "verify-tech-team-approvers",
                            "permission": "pull",
                            "privacy": "closed",
                            "slug": "verify-tech-team-approvers"
                        },
                        "meta": {},
                        "tainted": false
                    },
                    "deposed": [],
                    "provider": "provider.github"
                },
                "data.github_team.tech_team": {
                    "type": "github_team",
                    "depends_on": [],
                    "primary": {
                        "id": "2830432",
                        "attributes": {
                            "description": "Verify Tech Team",
                            "id": "2830432",
                            "members.#": "30",
                            "members.0": "idrop",
                            "members.1": "46bit",
                            "members.10": "kerrr",
                            "members.11": "zilnhoj",
                            "members.12": "vixus0",
                            "members.13": "robinmitra",
                            "members.14": "brenetic",
                            "members.15": "nacnudus",
                            "members.16": "CharlesIC",
                            "members.17": "jkunle",
                            "members.18": "sakisv",
                            "members.19": "stephengrier",
                            "members.2": "galund",
                            "members.20": "ronocg",
                            "members.21": "mikieet",
                            "members.22": "Rosa-Fox",
                            "members.23": "AnneCarr",
                            "members.24": "ida-build-bot",
                            "members.25": "chrisclayson",
                            "members.26": "smford",
                            "members.27": "blairboy362",
                            "members.28": "Wynndow",
                            "members.29": "andy-paine",
                            "members.3": "issyl0",
                            "members.4": "phantas",
                            "members.5": "philandstuff",
                            "members.6": "chrisholmes",
                            "members.7": "thomasalanlee",
                            "members.8": "mmhmm",
                            "members.9": "tlwr",
                            "name": "verify-tech-team",
                            "permission": "pull",
                            "privacy": "closed",
                            "slug": "verify-tech-team"
                        },
                        "meta": {},
                        "tainted": false
                    },
                    "deposed": [],
                    "provider": "provider.github"
                },
                "github_team_membership.team_membership": {
                    "type": "github_team_membership",
                    "depends_on": [],
                    "primary": {
                        "id": "2826127:smford",
                        "attributes": {
                            "etag": "W/\"35b195e51a71aae488db967f224f6cf2\"",
                            "id": "2826127:smford",
                            "role": "member",
                            "team_id": "2826127",
                            "username": "smford"
                        },
                        "meta": {},
                        "tainted": false
                    },
                    "deposed": [],
                    "provider": "provider.github"
                },
                "github_team_membership.tech_team_approver": {
                    "type": "github_team_membership",
                    "depends_on": [
                        "data.github_team.approvers_team"
                    ],
                    "primary": {
                        "id": "3101758:smford",
                        "attributes": {
                            "etag": "W/\"e49f53c09090afab7d1601bdc9898c87\"",
                            "id": "3101758:smford",
                            "role": "member",
                            "team_id": "3101758",
                            "username": "smford"
                        },
                        "meta": {},
                        "tainted": false
                    },
                    "deposed": [],
                    "provider": "provider.github"
                }
            },
            "depends_on": []
        },
        {
            "path": [
                "root",
                "user_szd55gds"
            ],
            "outputs": {},
            "resources": {
                "data.github_team.approvers_team": {
                    "type": "github_team",
                    "depends_on": [],
                    "primary": {
                        "id": "3101758",
                        "attributes": {
                            "description": "Verify tech team: verify-tech-team-approvers",
                            "id": "3101758",
                            "members.#": "30",
                            "members.0": "idrop",
                            "members.1": "46bit",
                            "members.10": "kerrr",
                            "members.11": "vixus0",
                            "members.12": "robinmitra",
                            "members.13": "brenetic",
                            "members.14": "CharlesIC",
                            "members.15": "sakisv",
                            "members.16": "ronocg",
                            "members.17": "Rosa-Fox",
                            "members.18": "chrisclayson",
                            "members.19": "smford",
                            "members.2": "galund",
                            "members.20": "blairboy362",
                            "members.21": "Wynndow",
                            "members.22": "andy-paine",
                            "members.23": "tomrosier",
                            "members.24": "bravegrape",
                            "members.25": "jstandring-gds",
                            "members.26": "mhussein-gds",
                            "members.27": "adityapahuja",
                            "members.28": "rhowe-gds",
                            "members.29": "AmritSidhu",
                            "members.3": "issyl0",
                            "members.4": "phantas",
                            "members.5": "philandstuff",
                            "members.6": "chrisholmes",
                            "members.7": "thomasalanlee",
                            "members.8": "mmhmm",
                            "members.9": "tlwr",
                            "name": "verify-tech-team-approvers",
                            "permission": "pull",
                            "privacy": "closed",
                            "slug": "verify-tech-team-approvers"
                        },
                        "meta": {},
                        "tainted": false
                    },
                    "deposed": [],
                    "provider": "provider.github"
                },
                "data.github_team.tech_team": {
                    "type": "github_team",
                    "depends_on": [],
                    "primary": {
                        "id": "2830432",
                        "attributes": {
                            "description": "Verify Tech Team",
                            "id": "2830432",
                            "members.#": "30",
                            "members.0": "idrop",
                            "members.1": "46bit",
                            "members.10": "kerrr",
                            "members.11": "zilnhoj",
                            "members.12": "vixus0",
                            "members.13": "robinmitra",
                            "members.14": "brenetic",
                            "members.15": "nacnudus",
                            "members.16": "CharlesIC",
                            "members.17": "jkunle",
                            "members.18": "sakisv",
                            "members.19": "stephengrier",
                            "members.2": "galund",
                            "members.20": "ronocg",
                            "members.21": "mikieet",
                            "members.22": "Rosa-Fox",
                            "members.23": "AnneCarr",
                            "members.24": "ida-build-bot",
                            "members.25": "chrisclayson",
                            "members.26": "smford",
                            "members.27": "blairboy362",
                            "members.28": "Wynndow",
                            "members.29": "andy-paine",
                            "members.3": "issyl0",
                            "members.4": "phantas",
                            "members.5": "philandstuff",
                            "members.6": "chrisholmes",
                            "members.7": "thomasalanlee",
                            "members.8": "mmhmm",
                            "members.9": "tlwr",
                            "name": "verify-tech-team",
                            "permission": "pull",
                            "privacy": "closed",
                            "slug": "verify-tech-team"
                        },
                        "meta": {},
                        "tainted": false
                    },
                    "deposed": [],
                    "provider": "provider.github"
                },
                "github_team_membership.team_membership": {
                    "type": "github_team_membership",
                    "depends_on": [],
                    "primary": {
                        "id": "2826127:szd55gds",
                        "attributes": {
                            "etag": "W/\"38efeed9c1c3e91063186add29bea4e6\"",
                            "id": "2826127:szd55gds",
                            "role": "member",
                            "team_id": "2826127",
                            "username": "szd55gds"
                        },
                        "meta": {},
                        "tainted": false
                    },
                    "deposed": [],
                    "provider": "provider.github"
                },
                "github_team_membership.tech_team_approver": {
                    "type": "github_team_membership",
                    "depends_on": [
                        "data.github_team.approvers_team"
                    ],
                    "primary": {
                        "id": "3101758:szd55gds",
                        "attributes": {
                            "etag": "W/\"5727d8cd3a979cff445b7006974766eb\"",
                            "id": "3101758:szd55gds",
                            "role": "member",
                            "team_id": "3101758",
                            "username": "szd55gds"
                        },
                        "meta": {},
                        "tainted": false
                    },
                    "deposed": [],
                    "provider": "provider.github"
                }
            },
            "depends_on": []
        },
        {
            "path": [
                "root",
                "user_thomasalanlee"
            ],
            "outputs": {},
            "resources": {
                "data.github_team.approvers_team": {
                    "type": "github_team",
                    "depends_on": [],
                    "primary": {
                        "id": "3101758",
                        "attributes": {
                            "description": "Verify tech team: verify-tech-team-approvers",
                            "id": "3101758",
                            "members.#": "30",
                            "members.0": "idrop",
                            "members.1": "46bit",
                            "members.10": "kerrr",
                            "members.11": "vixus0",
                            "members.12": "robinmitra",
                            "members.13": "brenetic",
                            "members.14": "CharlesIC",
                            "members.15": "sakisv",
                            "members.16": "ronocg",
                            "members.17": "Rosa-Fox",
                            "members.18": "chrisclayson",
                            "members.19": "smford",
                            "members.2": "galund",
                            "members.20": "blairboy362",
                            "members.21": "Wynndow",
                            "members.22": "andy-paine",
                            "members.23": "tomrosier",
                            "members.24": "bravegrape",
                            "members.25": "jstandring-gds",
                            "members.26": "mhussein-gds",
                            "members.27": "adityapahuja",
                            "members.28": "rhowe-gds",
                            "members.29": "AmritSidhu",
                            "members.3": "issyl0",
                            "members.4": "phantas",
                            "members.5": "philandstuff",
                            "members.6": "chrisholmes",
                            "members.7": "thomasalanlee",
                            "members.8": "mmhmm",
                            "members.9": "tlwr",
                            "name": "verify-tech-team-approvers",
                            "permission": "pull",
                            "privacy": "closed",
                            "slug": "verify-tech-team-approvers"
                        },
                        "meta": {},
                        "tainted": false
                    },
                    "deposed": [],
                    "provider": "provider.github"
                },
                "data.github_team.tech_team": {
                    "type": "github_team",
                    "depends_on": [],
                    "primary": {
                        "id": "2830432",
                        "attributes": {
                            "description": "Verify Tech Team",
                            "id": "2830432",
                            "members.#": "30",
                            "members.0": "idrop",
                            "members.1": "46bit",
                            "members.10": "kerrr",
                            "members.11": "zilnhoj",
                            "members.12": "vixus0",
                            "members.13": "robinmitra",
                            "members.14": "brenetic",
                            "members.15": "nacnudus",
                            "members.16": "CharlesIC",
                            "members.17": "jkunle",
                            "members.18": "sakisv",
                            "members.19": "stephengrier",
                            "members.2": "galund",
                            "members.20": "ronocg",
                            "members.21": "mikieet",
                            "members.22": "Rosa-Fox",
                            "members.23": "AnneCarr",
                            "members.24": "ida-build-bot",
                            "members.25": "chrisclayson",
                            "members.26": "smford",
                            "members.27": "blairboy362",
                            "members.28": "Wynndow",
                            "members.29": "andy-paine",
                            "members.3": "issyl0",
                            "members.4": "phantas",
                            "members.5": "philandstuff",
                            "members.6": "chrisholmes",
                            "members.7": "thomasalanlee",
                            "members.8": "mmhmm",
                            "members.9": "tlwr",
                            "name": "verify-tech-team",
                            "permission": "pull",
                            "privacy": "closed",
                            "slug": "verify-tech-team"
                        },
                        "meta": {},
                        "tainted": false
                    },
                    "deposed": [],
                    "provider": "provider.github"
                },
                "github_team_membership.team_membership.0": {
                    "type": "github_team_membership",
                    "depends_on": [],
                    "primary": {
                        "id": "2826122:thomasalanlee",
                        "attributes": {
                            "etag": "W/\"b6ad32289d69c5dd311a2019b26b52f5\"",
                            "id": "2826122:thomasalanlee",
                            "role": "maintainer",
                            "team_id": "2826122",
                            "username": "thomasalanlee"
                        },
                        "meta": {},
                        "tainted": false
                    },
                    "deposed": [],
                    "provider": "provider.github"
                },
                "github_team_membership.team_membership.1": {
                    "type": "github_team_membership",
                    "depends_on": [],
                    "primary": {
                        "id": "2826126:thomasalanlee",
                        "attributes": {
                            "etag": "W/\"c75b9ae3e0c5037614fbd90c5bb8f353\"",
                            "id": "2826126:thomasalanlee",
                            "role": "maintainer",
                            "team_id": "2826126",
                            "username": "thomasalanlee"
                        },
                        "meta": {},
                        "tainted": false
                    },
                    "deposed": [],
                    "provider": "provider.github"
                },
                "github_team_membership.team_membership.2": {
                    "type": "github_team_membership",
                    "depends_on": [],
                    "primary": {
                        "id": "2826127:thomasalanlee",
                        "attributes": {
                            "etag": "W/\"5942d70de561604cab11968329951bad\"",
                            "id": "2826127:thomasalanlee",
                            "role": "maintainer",
                            "team_id": "2826127",
                            "username": "thomasalanlee"
                        },
                        "meta": {},
                        "tainted": false
                    },
                    "deposed": [],
                    "provider": "provider.github"
                },
                "github_team_membership.tech_team_approver": {
                    "type": "github_team_membership",
                    "depends_on": [
                        "data.github_team.approvers_team"
                    ],
                    "primary": {
                        "id": "3101758:thomasalanlee",
                        "attributes": {
                            "etag": "W/\"40db412dd7d65873dee706fd9d54439f\"",
                            "id": "3101758:thomasalanlee",
                            "role": "member",
                            "team_id": "3101758",
                            "username": "thomasalanlee"
                        },
                        "meta": {},
                        "tainted": false
                    },
                    "deposed": [],
                    "provider": "provider.github"
                },
                "github_team_membership.tech_team_maintainer": {
                    "type": "github_team_membership",
                    "depends_on": [
                        "data.github_team.tech_team"
                    ],
                    "primary": {
                        "id": "2830432:thomasalanlee",
                        "attributes": {
                            "etag": "W/\"06f0523991a2ef90d2749c841b4b6076\"",
                            "id": "2830432:thomasalanlee",
                            "role": "maintainer",
                            "team_id": "2830432",
                            "username": "thomasalanlee"
                        },
                        "meta": {},
                        "tainted": false
                    },
                    "deposed": [],
                    "provider": "provider.github"
                }
            },
            "depends_on": []
        },
        {
            "path": [
                "root",
                "user_tlwr"
            ],
            "outputs": {},
            "resources": {
                "data.github_team.approvers_team": {
                    "type": "github_team",
                    "depends_on": [],
                    "primary": {
                        "id": "3101758",
                        "attributes": {
                            "description": "Verify tech team: verify-tech-team-approvers",
                            "id": "3101758",
                            "members.#": "30",
                            "members.0": "idrop",
                            "members.1": "46bit",
                            "members.10": "kerrr",
                            "members.11": "vixus0",
                            "members.12": "robinmitra",
                            "members.13": "brenetic",
                            "members.14": "CharlesIC",
                            "members.15": "sakisv",
                            "members.16": "ronocg",
                            "members.17": "Rosa-Fox",
                            "members.18": "chrisclayson",
                            "members.19": "smford",
                            "members.2": "galund",
                            "members.20": "blairboy362",
                            "members.21": "Wynndow",
                            "members.22": "andy-paine",
                            "members.23": "tomrosier",
                            "members.24": "bravegrape",
                            "members.25": "jstandring-gds",
                            "members.26": "mhussein-gds",
                            "members.27": "adityapahuja",
                            "members.28": "rhowe-gds",
                            "members.29": "AmritSidhu",
                            "members.3": "issyl0",
                            "members.4": "phantas",
                            "members.5": "philandstuff",
                            "members.6": "chrisholmes",
                            "members.7": "thomasalanlee",
                            "members.8": "mmhmm",
                            "members.9": "tlwr",
                            "name": "verify-tech-team-approvers",
                            "permission": "pull",
                            "privacy": "closed",
                            "slug": "verify-tech-team-approvers"
                        },
                        "meta": {},
                        "tainted": false
                    },
                    "deposed": [],
                    "provider": "provider.github"
                },
                "data.github_team.tech_team": {
                    "type": "github_team",
                    "depends_on": [],
                    "primary": {
                        "id": "2830432",
                        "attributes": {
                            "description": "Verify Tech Team",
                            "id": "2830432",
                            "members.#": "30",
                            "members.0": "idrop",
                            "members.1": "46bit",
                            "members.10": "kerrr",
                            "members.11": "zilnhoj",
                            "members.12": "vixus0",
                            "members.13": "robinmitra",
                            "members.14": "brenetic",
                            "members.15": "nacnudus",
                            "members.16": "CharlesIC",
                            "members.17": "jkunle",
                            "members.18": "sakisv",
                            "members.19": "stephengrier",
                            "members.2": "galund",
                            "members.20": "ronocg",
                            "members.21": "mikieet",
                            "members.22": "Rosa-Fox",
                            "members.23": "AnneCarr",
                            "members.24": "ida-build-bot",
                            "members.25": "chrisclayson",
                            "members.26": "smford",
                            "members.27": "blairboy362",
                            "members.28": "Wynndow",
                            "members.29": "andy-paine",
                            "members.3": "issyl0",
                            "members.4": "phantas",
                            "members.5": "philandstuff",
                            "members.6": "chrisholmes",
                            "members.7": "thomasalanlee",
                            "members.8": "mmhmm",
                            "members.9": "tlwr",
                            "name": "verify-tech-team",
                            "permission": "pull",
                            "privacy": "closed",
                            "slug": "verify-tech-team"
                        },
                        "meta": {},
                        "tainted": false
                    },
                    "deposed": [],
                    "provider": "provider.github"
                },
                "github_team_membership.team_membership.0": {
                    "type": "github_team_membership",
                    "depends_on": [],
                    "primary": {
                        "id": "2826122:tlwr",
                        "attributes": {
                            "etag": "W/\"a1809db42f7785950b5f4011155568ba\"",
                            "id": "2826122:tlwr",
                            "role": "member",
                            "team_id": "2826122",
                            "username": "tlwr"
                        },
                        "meta": {},
                        "tainted": false
                    },
                    "deposed": [],
                    "provider": "provider.github"
                },
                "github_team_membership.team_membership.1": {
                    "type": "github_team_membership",
                    "depends_on": [],
                    "primary": {
                        "id": "2826127:tlwr",
                        "attributes": {
                            "etag": "W/\"f8f2554d394972ea1b542dd298d48a4a\"",
                            "id": "2826127:tlwr",
                            "role": "member",
                            "team_id": "2826127",
                            "username": "tlwr"
                        },
                        "meta": {},
                        "tainted": false
                    },
                    "deposed": [],
                    "provider": "provider.github"
                },
                "github_team_membership.tech_team_approver": {
                    "type": "github_team_membership",
                    "depends_on": [
                        "data.github_team.approvers_team"
                    ],
                    "primary": {
                        "id": "3101758:tlwr",
                        "attributes": {
                            "etag": "W/\"7249b7416142eff1441e1e2c9f629675\"",
                            "id": "3101758:tlwr",
                            "role": "member",
                            "team_id": "3101758",
                            "username": "tlwr"
                        },
                        "meta": {},
                        "tainted": false
                    },
                    "deposed": [],
                    "provider": "provider.github"
                }
            },
            "depends_on": []
        },
        {
            "path": [
                "root",
                "user_tomrosier"
            ],
            "outputs": {},
            "resources": {
                "data.github_team.approvers_team": {
                    "type": "github_team",
                    "depends_on": [],
                    "primary": {
                        "id": "3101758",
                        "attributes": {
                            "description": "Verify tech team: verify-tech-team-approvers",
                            "id": "3101758",
                            "members.#": "30",
                            "members.0": "idrop",
                            "members.1": "46bit",
                            "members.10": "kerrr",
                            "members.11": "vixus0",
                            "members.12": "robinmitra",
                            "members.13": "brenetic",
                            "members.14": "CharlesIC",
                            "members.15": "sakisv",
                            "members.16": "ronocg",
                            "members.17": "Rosa-Fox",
                            "members.18": "chrisclayson",
                            "members.19": "smford",
                            "members.2": "galund",
                            "members.20": "blairboy362",
                            "members.21": "Wynndow",
                            "members.22": "andy-paine",
                            "members.23": "tomrosier",
                            "members.24": "bravegrape",
                            "members.25": "jstandring-gds",
                            "members.26": "mhussein-gds",
                            "members.27": "adityapahuja",
                            "members.28": "rhowe-gds",
                            "members.29": "AmritSidhu",
                            "members.3": "issyl0",
                            "members.4": "phantas",
                            "members.5": "philandstuff",
                            "members.6": "chrisholmes",
                            "members.7": "thomasalanlee",
                            "members.8": "mmhmm",
                            "members.9": "tlwr",
                            "name": "verify-tech-team-approvers",
                            "permission": "pull",
                            "privacy": "closed",
                            "slug": "verify-tech-team-approvers"
                        },
                        "meta": {},
                        "tainted": false
                    },
                    "deposed": [],
                    "provider": "provider.github"
                },
                "data.github_team.tech_team": {
                    "type": "github_team",
                    "depends_on": [],
                    "primary": {
                        "id": "2830432",
                        "attributes": {
                            "description": "Verify Tech Team",
                            "id": "2830432",
                            "members.#": "30",
                            "members.0": "idrop",
                            "members.1": "46bit",
                            "members.10": "kerrr",
                            "members.11": "zilnhoj",
                            "members.12": "vixus0",
                            "members.13": "robinmitra",
                            "members.14": "brenetic",
                            "members.15": "nacnudus",
                            "members.16": "CharlesIC",
                            "members.17": "jkunle",
                            "members.18": "sakisv",
                            "members.19": "stephengrier",
                            "members.2": "galund",
                            "members.20": "ronocg",
                            "members.21": "mikieet",
                            "members.22": "Rosa-Fox",
                            "members.23": "AnneCarr",
                            "members.24": "ida-build-bot",
                            "members.25": "chrisclayson",
                            "members.26": "smford",
                            "members.27": "blairboy362",
                            "members.28": "Wynndow",
                            "members.29": "andy-paine",
                            "members.3": "issyl0",
                            "members.4": "phantas",
                            "members.5": "philandstuff",
                            "members.6": "chrisholmes",
                            "members.7": "thomasalanlee",
                            "members.8": "mmhmm",
                            "members.9": "tlwr",
                            "name": "verify-tech-team",
                            "permission": "pull",
                            "privacy": "closed",
                            "slug": "verify-tech-team"
                        },
                        "meta": {},
                        "tainted": false
                    },
                    "deposed": [],
                    "provider": "provider.github"
                },
                "github_team_membership.team_membership.0": {
                    "type": "github_team_membership",
                    "depends_on": [],
                    "primary": {
                        "id": "2826122:tomrosier",
                        "attributes": {
                            "etag": "W/\"81434786dba36265cd511ff90d8199b9\"",
                            "id": "2826122:tomrosier",
                            "role": "member",
                            "team_id": "2826122",
                            "username": "tomrosier"
                        },
                        "meta": {},
                        "tainted": false
                    },
                    "deposed": [],
                    "provider": "provider.github"
                },
                "github_team_membership.team_membership.1": {
                    "type": "github_team_membership",
                    "depends_on": [],
                    "primary": {
                        "id": "2826126:tomrosier",
                        "attributes": {
                            "etag": "W/\"fab57b5590b9b5251af58380df2889f9\"",
                            "id": "2826126:tomrosier",
                            "role": "member",
                            "team_id": "2826126",
                            "username": "tomrosier"
                        },
                        "meta": {},
                        "tainted": false
                    },
                    "deposed": [],
                    "provider": "provider.github"
                },
                "github_team_membership.tech_team_approver": {
                    "type": "github_team_membership",
                    "depends_on": [
                        "data.github_team.approvers_team"
                    ],
                    "primary": {
                        "id": "3101758:tomrosier",
                        "attributes": {
                            "etag": "W/\"1d9e78bbd15b41f78fd46ed68ce37b73\"",
                            "id": "3101758:tomrosier",
                            "role": "member",
                            "team_id": "3101758",
                            "username": "tomrosier"
                        },
                        "meta": {},
                        "tainted": false
                    },
                    "deposed": [],
                    "provider": "provider.github"
                }
            },
            "depends_on": []
        },
        {
            "path": [
                "root",
                "user_vixus0"
            ],
            "outputs": {},
            "resources": {
                "data.github_team.approvers_team": {
                    "type": "github_team",
                    "depends_on": [],
                    "primary": {
                        "id": "3101758",
                        "attributes": {
                            "description": "Verify tech team: verify-tech-team-approvers",
                            "id": "3101758",
                            "members.#": "30",
                            "members.0": "idrop",
                            "members.1": "46bit",
                            "members.10": "kerrr",
                            "members.11": "vixus0",
                            "members.12": "robinmitra",
                            "members.13": "brenetic",
                            "members.14": "CharlesIC",
                            "members.15": "sakisv",
                            "members.16": "ronocg",
                            "members.17": "Rosa-Fox",
                            "members.18": "chrisclayson",
                            "members.19": "smford",
                            "members.2": "galund",
                            "members.20": "blairboy362",
                            "members.21": "Wynndow",
                            "members.22": "andy-paine",
                            "members.23": "tomrosier",
                            "members.24": "bravegrape",
                            "members.25": "jstandring-gds",
                            "members.26": "mhussein-gds",
                            "members.27": "adityapahuja",
                            "members.28": "rhowe-gds",
                            "members.29": "AmritSidhu",
                            "members.3": "issyl0",
                            "members.4": "phantas",
                            "members.5": "philandstuff",
                            "members.6": "chrisholmes",
                            "members.7": "thomasalanlee",
                            "members.8": "mmhmm",
                            "members.9": "tlwr",
                            "name": "verify-tech-team-approvers",
                            "permission": "pull",
                            "privacy": "closed",
                            "slug": "verify-tech-team-approvers"
                        },
                        "meta": {},
                        "tainted": false
                    },
                    "deposed": [],
                    "provider": "provider.github"
                },
                "data.github_team.tech_team": {
                    "type": "github_team",
                    "depends_on": [],
                    "primary": {
                        "id": "2830432",
                        "attributes": {
                            "description": "Verify Tech Team",
                            "id": "2830432",
                            "members.#": "30",
                            "members.0": "idrop",
                            "members.1": "46bit",
                            "members.10": "kerrr",
                            "members.11": "zilnhoj",
                            "members.12": "vixus0",
                            "members.13": "robinmitra",
                            "members.14": "brenetic",
                            "members.15": "nacnudus",
                            "members.16": "CharlesIC",
                            "members.17": "jkunle",
                            "members.18": "sakisv",
                            "members.19": "stephengrier",
                            "members.2": "galund",
                            "members.20": "ronocg",
                            "members.21": "mikieet",
                            "members.22": "Rosa-Fox",
                            "members.23": "AnneCarr",
                            "members.24": "ida-build-bot",
                            "members.25": "chrisclayson",
                            "members.26": "smford",
                            "members.27": "blairboy362",
                            "members.28": "Wynndow",
                            "members.29": "andy-paine",
                            "members.3": "issyl0",
                            "members.4": "phantas",
                            "members.5": "philandstuff",
                            "members.6": "chrisholmes",
                            "members.7": "thomasalanlee",
                            "members.8": "mmhmm",
                            "members.9": "tlwr",
                            "name": "verify-tech-team",
                            "permission": "pull",
                            "privacy": "closed",
                            "slug": "verify-tech-team"
                        },
                        "meta": {},
                        "tainted": false
                    },
                    "deposed": [],
                    "provider": "provider.github"
                },
                "github_team_membership.team_membership.0": {
                    "type": "github_team_membership",
                    "depends_on": [],
                    "primary": {
                        "id": "2826122:vixus0",
                        "attributes": {
                            "etag": "W/\"20fcb62f3f02c082965fbc58456d1f74\"",
                            "id": "2826122:vixus0",
                            "role": "maintainer",
                            "team_id": "2826122",
                            "username": "vixus0"
                        },
                        "meta": {},
                        "tainted": false
                    },
                    "deposed": [],
                    "provider": "provider.github"
                },
                "github_team_membership.team_membership.1": {
                    "type": "github_team_membership",
                    "depends_on": [],
                    "primary": {
                        "id": "2826126:vixus0",
                        "attributes": {
                            "etag": "W/\"b6eef8ff8bfc94933ce047793caa7d0b\"",
                            "id": "2826126:vixus0",
                            "role": "maintainer",
                            "team_id": "2826126",
                            "username": "vixus0"
                        },
                        "meta": {},
                        "tainted": false
                    },
                    "deposed": [],
                    "provider": "provider.github"
                },
                "github_team_membership.team_membership.2": {
                    "type": "github_team_membership",
                    "depends_on": [],
                    "primary": {
                        "id": "2826127:vixus0",
                        "attributes": {
                            "etag": "W/\"a16b19442485a684d5676b1f689cc27a\"",
                            "id": "2826127:vixus0",
                            "role": "maintainer",
                            "team_id": "2826127",
                            "username": "vixus0"
                        },
                        "meta": {},
                        "tainted": false
                    },
                    "deposed": [],
                    "provider": "provider.github"
                },
                "github_team_membership.tech_team_approver": {
                    "type": "github_team_membership",
                    "depends_on": [
                        "data.github_team.approvers_team"
                    ],
                    "primary": {
                        "id": "3101758:vixus0",
                        "attributes": {
                            "etag": "W/\"487ccc987425897d01b64b2a4de64b64\"",
                            "id": "3101758:vixus0",
                            "role": "member",
                            "team_id": "3101758",
                            "username": "vixus0"
                        },
                        "meta": {},
                        "tainted": false
                    },
                    "deposed": [],
                    "provider": "provider.github"
                },
                "github_team_membership.tech_team_maintainer": {
                    "type": "github_team_membership",
                    "depends_on": [
                        "data.github_team.tech_team"
                    ],
                    "primary": {
                        "id": "2830432:vixus0",
                        "attributes": {
                            "etag": "W/\"955970e7d72d9742c13334129aadf6bf\"",
                            "id": "2830432:vixus0",
                            "role": "maintainer",
                            "team_id": "2830432",
                            "username": "vixus0"
                        },
                        "meta": {},
                        "tainted": false
                    },
                    "deposed": [],
                    "provider": "provider.github"
                }
            },
            "depends_on": []
        },
        {
            "path": [
                "root",
                "user_zilnhoj"
            ],
            "outputs": {},
            "resources": {
                "data.github_team.approvers_team": {
                    "type": "github_team",
                    "depends_on": [],
                    "primary": {
                        "id": "3101758",
                        "attributes": {
                            "description": "Verify tech team: verify-tech-team-approvers",
                            "id": "3101758",
                            "members.#": "30",
                            "members.0": "idrop",
                            "members.1": "46bit",
                            "members.10": "kerrr",
                            "members.11": "vixus0",
                            "members.12": "robinmitra",
                            "members.13": "brenetic",
                            "members.14": "CharlesIC",
                            "members.15": "sakisv",
                            "members.16": "ronocg",
                            "members.17": "Rosa-Fox",
                            "members.18": "chrisclayson",
                            "members.19": "smford",
                            "members.2": "galund",
                            "members.20": "blairboy362",
                            "members.21": "Wynndow",
                            "members.22": "andy-paine",
                            "members.23": "tomrosier",
                            "members.24": "bravegrape",
                            "members.25": "jstandring-gds",
                            "members.26": "mhussein-gds",
                            "members.27": "adityapahuja",
                            "members.28": "rhowe-gds",
                            "members.29": "AmritSidhu",
                            "members.3": "issyl0",
                            "members.4": "phantas",
                            "members.5": "philandstuff",
                            "members.6": "chrisholmes",
                            "members.7": "thomasalanlee",
                            "members.8": "mmhmm",
                            "members.9": "tlwr",
                            "name": "verify-tech-team-approvers",
                            "permission": "pull",
                            "privacy": "closed",
                            "slug": "verify-tech-team-approvers"
                        },
                        "meta": {},
                        "tainted": false
                    },
                    "deposed": [],
                    "provider": "provider.github"
                },
                "data.github_team.tech_team": {
                    "type": "github_team",
                    "depends_on": [],
                    "primary": {
                        "id": "2830432",
                        "attributes": {
                            "description": "Verify Tech Team",
                            "id": "2830432",
                            "members.#": "30",
                            "members.0": "idrop",
                            "members.1": "46bit",
                            "members.10": "kerrr",
                            "members.11": "zilnhoj",
                            "members.12": "vixus0",
                            "members.13": "robinmitra",
                            "members.14": "brenetic",
                            "members.15": "nacnudus",
                            "members.16": "CharlesIC",
                            "members.17": "jkunle",
                            "members.18": "sakisv",
                            "members.19": "stephengrier",
                            "members.2": "galund",
                            "members.20": "ronocg",
                            "members.21": "mikieet",
                            "members.22": "Rosa-Fox",
                            "members.23": "AnneCarr",
                            "members.24": "ida-build-bot",
                            "members.25": "chrisclayson",
                            "members.26": "smford",
                            "members.27": "blairboy362",
                            "members.28": "Wynndow",
                            "members.29": "andy-paine",
                            "members.3": "issyl0",
                            "members.4": "phantas",
                            "members.5": "philandstuff",
                            "members.6": "chrisholmes",
                            "members.7": "thomasalanlee",
                            "members.8": "mmhmm",
                            "members.9": "tlwr",
                            "name": "verify-tech-team",
                            "permission": "pull",
                            "privacy": "closed",
                            "slug": "verify-tech-team"
                        },
                        "meta": {},
                        "tainted": false
                    },
                    "deposed": [],
                    "provider": "provider.github"
                },
                "github_team_membership.team_membership": {
                    "type": "github_team_membership",
                    "depends_on": [],
                    "primary": {
                        "id": "2826122:zilnhoj",
                        "attributes": {
                            "etag": "W/\"af761c6bc6b04fae611bd4634b41e61a\"",
                            "id": "2826122:zilnhoj",
                            "role": "member",
                            "team_id": "2826122",
                            "username": "zilnhoj"
                        },
                        "meta": {},
                        "tainted": false
                    },
                    "deposed": [],
                    "provider": "provider.github"
                }
            },
            "depends_on": []
        }
    ]
}
