{
  "version": 4,
  "terraform_version": "0.12.2",
  "serial": 285,
  "lineage": "7069a474-17af-c033-8243-ba2e55487134",
  "outputs": {},
  "resources": [
    {
      "module": "module.user_sakisv",
      "mode": "data",
      "type": "github_team",
      "name": "approvers_team",
      "provider": "provider.github",
      "instances": [
        {
          "schema_version": 0,
          "attributes": {
            "description": "Verify tech team: verify-tech-team-approvers",
            "id": "3101758",
            "members": [
              "idrop",
              "galund",
              "issyl0",
              "mrwilson",
              "philandstuff",
              "chrisholmes",
              "Krenair",
              "thomasalanlee",
              "mmhmm",
              "tlwr",
              "kerrr",
              "robinmitra",
              "brenetic",
              "CharlesIC",
              "sakisv",
              "ronocg",
              "Rosa-Fox",
              "chrisclayson",
              "smford",
              "blairboy362",
              "Wynndow",
              "andy-paine",
              "tomrosier",
              "bjgill",
              "michaelabenyohai",
              "bravegrape",
              "jstandring-gds",
              "mhussein-gds",
              "adityapahuja",
              "rhowe-gds"
            ],
            "name": "verify-tech-team-approvers",
            "permission": "pull",
            "privacy": "closed",
            "slug": "verify-tech-team-approvers"
          }
        }
      ]
    },
    {
      "module": "module.user_idacodacybot",
      "mode": "data",
      "type": "github_team",
      "name": "approvers_team",
      "provider": "provider.github",
      "instances": [
        {
          "schema_version": 0,
          "attributes": {
            "description": "Verify tech team: verify-tech-team-approvers",
            "id": "3101758",
            "members": [
              "idrop",
              "galund",
              "issyl0",
              "mrwilson",
              "philandstuff",
              "chrisholmes",
              "Krenair",
              "thomasalanlee",
              "mmhmm",
              "tlwr",
              "kerrr",
              "robinmitra",
              "brenetic",
              "CharlesIC",
              "sakisv",
              "ronocg",
              "Rosa-Fox",
              "chrisclayson",
              "smford",
              "blairboy362",
              "Wynndow",
              "andy-paine",
              "tomrosier",
              "bjgill",
              "michaelabenyohai",
              "bravegrape",
              "jstandring-gds",
              "mhussein-gds",
              "adityapahuja",
              "rhowe-gds"
            ],
            "name": "verify-tech-team-approvers",
            "permission": "pull",
            "privacy": "closed",
            "slug": "verify-tech-team-approvers"
          }
        }
      ]
    },
    {
      "module": "module.user_thomasalanlee",
      "mode": "data",
      "type": "github_team",
      "name": "approvers_team",
      "provider": "provider.github",
      "instances": [
        {
          "schema_version": 0,
          "attributes": {
            "description": "Verify tech team: verify-tech-team-approvers",
            "id": "3101758",
            "members": [
              "idrop",
              "galund",
              "issyl0",
              "mrwilson",
              "philandstuff",
              "chrisholmes",
              "Krenair",
              "thomasalanlee",
              "mmhmm",
              "tlwr",
              "kerrr",
              "robinmitra",
              "brenetic",
              "CharlesIC",
              "sakisv",
              "ronocg",
              "Rosa-Fox",
              "chrisclayson",
              "smford",
              "blairboy362",
              "Wynndow",
              "andy-paine",
              "tomrosier",
              "bjgill",
              "michaelabenyohai",
              "bravegrape",
              "jstandring-gds",
              "mhussein-gds",
              "adityapahuja",
              "rhowe-gds"
            ],
            "name": "verify-tech-team-approvers",
            "permission": "pull",
            "privacy": "closed",
            "slug": "verify-tech-team-approvers"
          }
        }
      ]
    },
    {
      "module": "module.user_chris_wynne",
      "mode": "data",
      "type": "github_team",
      "name": "approvers_team",
      "provider": "provider.github",
      "instances": [
        {
          "schema_version": 0,
          "attributes": {
            "description": "Verify tech team: verify-tech-team-approvers",
            "id": "3101758",
            "members": [
              "idrop",
              "galund",
              "issyl0",
              "mrwilson",
              "philandstuff",
              "chrisholmes",
              "Krenair",
              "thomasalanlee",
              "mmhmm",
              "tlwr",
              "kerrr",
              "robinmitra",
              "brenetic",
              "CharlesIC",
              "sakisv",
              "ronocg",
              "Rosa-Fox",
              "chrisclayson",
              "smford",
              "blairboy362",
              "Wynndow",
              "andy-paine",
              "tomrosier",
              "bjgill",
              "michaelabenyohai",
              "bravegrape",
              "jstandring-gds",
              "mhussein-gds",
              "adityapahuja",
              "rhowe-gds"
            ],
            "name": "verify-tech-team-approvers",
            "permission": "pull",
            "privacy": "closed",
            "slug": "verify-tech-team-approvers"
          }
        }
      ]
    },
    {
      "module": "module.user_todai88",
      "mode": "data",
      "type": "github_team",
      "name": "approvers_team",
      "provider": "provider.github",
      "instances": [
        {
          "schema_version": 0,
          "attributes": {
            "description": "Verify tech team: verify-tech-team-approvers",
            "id": "3101758",
            "members": [
              "idrop",
              "galund",
              "issyl0",
              "mrwilson",
              "philandstuff",
              "chrisholmes",
              "Krenair",
              "thomasalanlee",
              "mmhmm",
              "tlwr",
              "kerrr",
              "robinmitra",
              "brenetic",
              "CharlesIC",
              "sakisv",
              "ronocg",
              "Rosa-Fox",
              "chrisclayson",
              "smford",
              "blairboy362",
              "Wynndow",
              "andy-paine",
              "tomrosier",
              "bjgill",
              "michaelabenyohai",
              "bravegrape",
              "jstandring-gds",
              "mhussein-gds",
              "adityapahuja",
              "rhowe-gds"
            ],
            "name": "verify-tech-team-approvers",
            "permission": "pull",
            "privacy": "closed",
            "slug": "verify-tech-team-approvers"
          }
        }
      ]
    },
    {
      "module": "module.user_instantiator",
      "mode": "data",
      "type": "github_team",
      "name": "approvers_team",
      "provider": "provider.github",
      "instances": [
        {
          "schema_version": 0,
          "attributes": {
            "description": "Verify tech team: verify-tech-team-approvers",
            "id": "3101758",
            "members": [
              "idrop",
              "galund",
              "issyl0",
              "mrwilson",
              "philandstuff",
              "chrisholmes",
              "Krenair",
              "thomasalanlee",
              "mmhmm",
              "tlwr",
              "kerrr",
              "robinmitra",
              "brenetic",
              "CharlesIC",
              "sakisv",
              "ronocg",
              "Rosa-Fox",
              "chrisclayson",
              "smford",
              "blairboy362",
              "Wynndow",
              "andy-paine",
              "tomrosier",
              "bjgill",
              "michaelabenyohai",
              "bravegrape",
              "jstandring-gds",
              "mhussein-gds",
              "adityapahuja",
              "rhowe-gds"
            ],
            "name": "verify-tech-team-approvers",
            "permission": "pull",
            "privacy": "closed",
            "slug": "verify-tech-team-approvers"
          }
        }
      ]
    },
    {
      "module": "module.user_gdsnewt",
      "mode": "data",
      "type": "github_team",
      "name": "approvers_team",
      "provider": "provider.github",
      "instances": [
        {
          "schema_version": 0,
          "attributes": {
            "description": "Verify tech team: verify-tech-team-approvers",
            "id": "3101758",
            "members": [
              "idrop",
              "galund",
              "issyl0",
              "mrwilson",
              "philandstuff",
              "chrisholmes",
              "Krenair",
              "thomasalanlee",
              "mmhmm",
              "tlwr",
              "kerrr",
              "robinmitra",
              "brenetic",
              "CharlesIC",
              "sakisv",
              "ronocg",
              "Rosa-Fox",
              "chrisclayson",
              "smford",
              "blairboy362",
              "Wynndow",
              "andy-paine",
              "tomrosier",
              "bjgill",
              "michaelabenyohai",
              "bravegrape",
              "jstandring-gds",
              "mhussein-gds",
              "adityapahuja",
              "rhowe-gds"
            ],
            "name": "verify-tech-team-approvers",
            "permission": "pull",
            "privacy": "closed",
            "slug": "verify-tech-team-approvers"
          }
        }
      ]
    },
    {
      "module": "module.user_alex_monk",
      "mode": "data",
      "type": "github_team",
      "name": "approvers_team",
      "provider": "provider.github",
      "instances": [
        {
          "schema_version": 0,
          "attributes": {
            "description": "Verify tech team: verify-tech-team-approvers",
            "id": "3101758",
            "members": [
              "idrop",
              "galund",
              "issyl0",
              "mrwilson",
              "philandstuff",
              "chrisholmes",
              "Krenair",
              "thomasalanlee",
              "mmhmm",
              "tlwr",
              "kerrr",
              "robinmitra",
              "brenetic",
              "CharlesIC",
              "sakisv",
              "ronocg",
              "Rosa-Fox",
              "chrisclayson",
              "smford",
              "blairboy362",
              "Wynndow",
              "andy-paine",
              "tomrosier",
              "bjgill",
              "michaelabenyohai",
              "bravegrape",
              "jstandring-gds",
              "mhussein-gds",
              "adityapahuja",
              "rhowe-gds"
            ],
            "name": "verify-tech-team-approvers",
            "permission": "pull",
            "privacy": "closed",
            "slug": "verify-tech-team-approvers"
          }
        }
      ]
    },
    {
      "module": "module.user_adityapahuja",
      "mode": "data",
      "type": "github_team",
      "name": "approvers_team",
      "provider": "provider.github",
      "instances": [
        {
          "schema_version": 0,
          "attributes": {
            "description": "Verify tech team: verify-tech-team-approvers",
            "id": "3101758",
            "members": [
              "idrop",
              "galund",
              "issyl0",
              "mrwilson",
              "philandstuff",
              "chrisholmes",
              "Krenair",
              "thomasalanlee",
              "mmhmm",
              "tlwr",
              "kerrr",
              "robinmitra",
              "brenetic",
              "CharlesIC",
              "sakisv",
              "ronocg",
              "Rosa-Fox",
              "chrisclayson",
              "smford",
              "blairboy362",
              "Wynndow",
              "andy-paine",
              "tomrosier",
              "bjgill",
              "michaelabenyohai",
              "bravegrape",
              "jstandring-gds",
              "mhussein-gds",
              "adityapahuja",
              "rhowe-gds"
            ],
            "name": "verify-tech-team-approvers",
            "permission": "pull",
            "privacy": "closed",
            "slug": "verify-tech-team-approvers"
          }
        }
      ]
    },
    {
      "module": "module.user_ronocg",
      "mode": "data",
      "type": "github_team",
      "name": "approvers_team",
      "provider": "provider.github",
      "instances": [
        {
          "schema_version": 0,
          "attributes": {
            "description": "Verify tech team: verify-tech-team-approvers",
            "id": "3101758",
            "members": [
              "idrop",
              "galund",
              "issyl0",
              "mrwilson",
              "philandstuff",
              "chrisholmes",
              "Krenair",
              "thomasalanlee",
              "mmhmm",
              "tlwr",
              "kerrr",
              "robinmitra",
              "brenetic",
              "CharlesIC",
              "sakisv",
              "ronocg",
              "Rosa-Fox",
              "chrisclayson",
              "smford",
              "blairboy362",
              "Wynndow",
              "andy-paine",
              "tomrosier",
              "bjgill",
              "michaelabenyohai",
              "bravegrape",
              "jstandring-gds",
              "mhussein-gds",
              "adityapahuja",
              "rhowe-gds"
            ],
            "name": "verify-tech-team-approvers",
            "permission": "pull",
            "privacy": "closed",
            "slug": "verify-tech-team-approvers"
          }
        }
      ]
    },
    {
      "module": "module.user_dbes_gds",
      "mode": "data",
      "type": "github_team",
      "name": "approvers_team",
      "provider": "provider.github",
      "instances": [
        {
          "schema_version": 0,
          "attributes": {
            "description": "Verify tech team: verify-tech-team-approvers",
            "id": "3101758",
            "members": [
              "idrop",
              "galund",
              "issyl0",
              "mrwilson",
              "philandstuff",
              "chrisholmes",
              "Krenair",
              "thomasalanlee",
              "mmhmm",
              "tlwr",
              "kerrr",
              "robinmitra",
              "brenetic",
              "CharlesIC",
              "sakisv",
              "ronocg",
              "Rosa-Fox",
              "chrisclayson",
              "smford",
              "blairboy362",
              "Wynndow",
              "andy-paine",
              "tomrosier",
              "bjgill",
              "michaelabenyohai",
              "bravegrape",
              "jstandring-gds",
              "mhussein-gds",
              "adityapahuja",
              "rhowe-gds"
            ],
            "name": "verify-tech-team-approvers",
            "permission": "pull",
            "privacy": "closed",
            "slug": "verify-tech-team-approvers"
          }
        }
      ]
    },
    {
      "module": "module.user_smford",
      "mode": "data",
      "type": "github_team",
      "name": "approvers_team",
      "provider": "provider.github",
      "instances": [
        {
          "schema_version": 0,
          "attributes": {
            "description": "Verify tech team: verify-tech-team-approvers",
            "id": "3101758",
            "members": [
              "idrop",
              "galund",
              "issyl0",
              "mrwilson",
              "philandstuff",
              "chrisholmes",
              "Krenair",
              "thomasalanlee",
              "mmhmm",
              "tlwr",
              "kerrr",
              "robinmitra",
              "brenetic",
              "CharlesIC",
              "sakisv",
              "ronocg",
              "Rosa-Fox",
              "chrisclayson",
              "smford",
              "blairboy362",
              "Wynndow",
              "andy-paine",
              "tomrosier",
              "bjgill",
              "michaelabenyohai",
              "bravegrape",
              "jstandring-gds",
              "mhussein-gds",
              "adityapahuja",
              "rhowe-gds"
            ],
            "name": "verify-tech-team-approvers",
            "permission": "pull",
            "privacy": "closed",
            "slug": "verify-tech-team-approvers"
          }
        }
      ]
    },
    {
      "module": "module.user_idrop",
      "mode": "data",
      "type": "github_team",
      "name": "approvers_team",
      "provider": "provider.github",
      "instances": [
        {
          "schema_version": 0,
          "attributes": {
            "description": "Verify tech team: verify-tech-team-approvers",
            "id": "3101758",
            "members": [
              "idrop",
              "galund",
              "issyl0",
              "mrwilson",
              "philandstuff",
              "chrisholmes",
              "Krenair",
              "thomasalanlee",
              "mmhmm",
              "tlwr",
              "kerrr",
              "robinmitra",
              "brenetic",
              "CharlesIC",
              "sakisv",
              "ronocg",
              "Rosa-Fox",
              "chrisclayson",
              "smford",
              "blairboy362",
              "Wynndow",
              "andy-paine",
              "tomrosier",
              "bjgill",
              "michaelabenyohai",
              "bravegrape",
              "jstandring-gds",
              "mhussein-gds",
              "adityapahuja",
              "rhowe-gds"
            ],
            "name": "verify-tech-team-approvers",
            "permission": "pull",
            "privacy": "closed",
            "slug": "verify-tech-team-approvers"
          }
        }
      ]
    },
    {
      "module": "module.user_tomrosier",
      "mode": "data",
      "type": "github_team",
      "name": "approvers_team",
      "provider": "provider.github",
      "instances": [
        {
          "schema_version": 0,
          "attributes": {
            "description": "Verify tech team: verify-tech-team-approvers",
            "id": "3101758",
            "members": [
              "idrop",
              "galund",
              "issyl0",
              "mrwilson",
              "philandstuff",
              "chrisholmes",
              "Krenair",
              "thomasalanlee",
              "mmhmm",
              "tlwr",
              "kerrr",
              "robinmitra",
              "brenetic",
              "CharlesIC",
              "sakisv",
              "ronocg",
              "Rosa-Fox",
              "chrisclayson",
              "smford",
              "blairboy362",
              "Wynndow",
              "andy-paine",
              "tomrosier",
              "bjgill",
              "michaelabenyohai",
              "bravegrape",
              "jstandring-gds",
              "mhussein-gds",
              "adityapahuja",
              "rhowe-gds"
            ],
            "name": "verify-tech-team-approvers",
            "permission": "pull",
            "privacy": "closed",
            "slug": "verify-tech-team-approvers"
          }
        }
      ]
    },
    {
      "module": "module.user_rosa_fox",
      "mode": "data",
      "type": "github_team",
      "name": "approvers_team",
      "provider": "provider.github",
      "instances": [
        {
          "schema_version": 0,
          "attributes": {
            "description": "Verify tech team: verify-tech-team-approvers",
            "id": "3101758",
            "members": [
              "idrop",
              "galund",
              "issyl0",
              "mrwilson",
              "philandstuff",
              "chrisholmes",
              "Krenair",
              "thomasalanlee",
              "mmhmm",
              "tlwr",
              "kerrr",
              "robinmitra",
              "brenetic",
              "CharlesIC",
              "sakisv",
              "ronocg",
              "Rosa-Fox",
              "chrisclayson",
              "smford",
              "blairboy362",
              "Wynndow",
              "andy-paine",
              "tomrosier",
              "bjgill",
              "michaelabenyohai",
              "bravegrape",
              "jstandring-gds",
              "mhussein-gds",
              "adityapahuja",
              "rhowe-gds"
            ],
            "name": "verify-tech-team-approvers",
            "permission": "pull",
            "privacy": "closed",
            "slug": "verify-tech-team-approvers"
          }
        }
      ]
    },
    {
      "module": "module.user_jhjava",
      "mode": "data",
      "type": "github_team",
      "name": "approvers_team",
      "provider": "provider.github",
      "instances": [
        {
          "schema_version": 0,
          "attributes": {
            "description": "Verify tech team: verify-tech-team-approvers",
            "id": "3101758",
            "members": [
              "idrop",
              "galund",
              "issyl0",
              "mrwilson",
              "philandstuff",
              "chrisholmes",
              "Krenair",
              "thomasalanlee",
              "mmhmm",
              "tlwr",
              "kerrr",
              "robinmitra",
              "brenetic",
              "CharlesIC",
              "sakisv",
              "ronocg",
              "Rosa-Fox",
              "chrisclayson",
              "smford",
              "blairboy362",
              "Wynndow",
              "andy-paine",
              "tomrosier",
              "bjgill",
              "michaelabenyohai",
              "bravegrape",
              "jstandring-gds",
              "mhussein-gds",
              "adityapahuja",
              "rhowe-gds"
            ],
            "name": "verify-tech-team-approvers",
            "permission": "pull",
            "privacy": "closed",
            "slug": "verify-tech-team-approvers"
          }
        }
      ]
    },
    {
      "module": "module.user_sistephens",
      "mode": "data",
      "type": "github_team",
      "name": "approvers_team",
      "provider": "provider.github",
      "instances": [
        {
          "schema_version": 0,
          "attributes": {
            "description": "Verify tech team: verify-tech-team-approvers",
            "id": "3101758",
            "members": [
              "idrop",
              "galund",
              "issyl0",
              "mrwilson",
              "philandstuff",
              "chrisholmes",
              "Krenair",
              "thomasalanlee",
              "mmhmm",
              "tlwr",
              "kerrr",
              "robinmitra",
              "brenetic",
              "CharlesIC",
              "sakisv",
              "ronocg",
              "Rosa-Fox",
              "chrisclayson",
              "smford",
              "blairboy362",
              "Wynndow",
              "andy-paine",
              "tomrosier",
              "bjgill",
              "michaelabenyohai",
              "bravegrape",
              "jstandring-gds",
              "mhussein-gds",
              "adityapahuja",
              "rhowe-gds"
            ],
            "name": "verify-tech-team-approvers",
            "permission": "pull",
            "privacy": "closed",
            "slug": "verify-tech-team-approvers"
          }
        }
      ]
    },
    {
      "module": "module.user_racinghippo",
      "mode": "data",
      "type": "github_team",
      "name": "approvers_team",
      "provider": "provider.github",
      "instances": [
        {
          "schema_version": 0,
          "attributes": {
            "description": "Verify tech team: verify-tech-team-approvers",
            "id": "3101758",
            "members": [
              "idrop",
              "galund",
              "issyl0",
              "mrwilson",
              "philandstuff",
              "chrisholmes",
              "Krenair",
              "thomasalanlee",
              "mmhmm",
              "tlwr",
              "kerrr",
              "robinmitra",
              "brenetic",
              "CharlesIC",
              "sakisv",
              "ronocg",
              "Rosa-Fox",
              "chrisclayson",
              "smford",
              "blairboy362",
              "Wynndow",
              "andy-paine",
              "tomrosier",
              "bjgill",
              "michaelabenyohai",
              "bravegrape",
              "jstandring-gds",
              "mhussein-gds",
              "adityapahuja",
              "rhowe-gds"
            ],
            "name": "verify-tech-team-approvers",
            "permission": "pull",
            "privacy": "closed",
            "slug": "verify-tech-team-approvers"
          }
        }
      ]
    },
    {
      "module": "module.user_mariaslo",
      "mode": "data",
      "type": "github_team",
      "name": "approvers_team",
      "provider": "provider.github",
      "instances": [
        {
          "schema_version": 0,
          "attributes": {
            "description": "Verify tech team: verify-tech-team-approvers",
            "id": "3101758",
            "members": [
              "idrop",
              "galund",
              "issyl0",
              "mrwilson",
              "philandstuff",
              "chrisholmes",
              "Krenair",
              "thomasalanlee",
              "mmhmm",
              "tlwr",
              "kerrr",
              "robinmitra",
              "brenetic",
              "CharlesIC",
              "sakisv",
              "ronocg",
              "Rosa-Fox",
              "chrisclayson",
              "smford",
              "blairboy362",
              "Wynndow",
              "andy-paine",
              "tomrosier",
              "bjgill",
              "michaelabenyohai",
              "bravegrape",
              "jstandring-gds",
              "mhussein-gds",
              "adityapahuja",
              "rhowe-gds"
            ],
            "name": "verify-tech-team-approvers",
            "permission": "pull",
            "privacy": "closed",
            "slug": "verify-tech-team-approvers"
          }
        }
      ]
    },
    {
      "module": "module.user_johnwattsgds",
      "mode": "data",
      "type": "github_team",
      "name": "approvers_team",
      "provider": "provider.github",
      "instances": [
        {
          "schema_version": 0,
          "attributes": {
            "description": "Verify tech team: verify-tech-team-approvers",
            "id": "3101758",
            "members": [
              "idrop",
              "galund",
              "issyl0",
              "mrwilson",
              "philandstuff",
              "chrisholmes",
              "Krenair",
              "thomasalanlee",
              "mmhmm",
              "tlwr",
              "kerrr",
              "robinmitra",
              "brenetic",
              "CharlesIC",
              "sakisv",
              "ronocg",
              "Rosa-Fox",
              "chrisclayson",
              "smford",
              "blairboy362",
              "Wynndow",
              "andy-paine",
              "tomrosier",
              "bjgill",
              "michaelabenyohai",
              "bravegrape",
              "jstandring-gds",
              "mhussein-gds",
              "adityapahuja",
              "rhowe-gds"
            ],
            "name": "verify-tech-team-approvers",
            "permission": "pull",
            "privacy": "closed",
            "slug": "verify-tech-team-approvers"
          }
        }
      ]
    },
    {
      "module": "module.user_jstandring_gds",
      "mode": "data",
      "type": "github_team",
      "name": "approvers_team",
      "provider": "provider.github",
      "instances": [
        {
          "schema_version": 0,
          "attributes": {
            "description": "Verify tech team: verify-tech-team-approvers",
            "id": "3101758",
            "members": [
              "idrop",
              "galund",
              "issyl0",
              "mrwilson",
              "philandstuff",
              "chrisholmes",
              "Krenair",
              "thomasalanlee",
              "mmhmm",
              "tlwr",
              "kerrr",
              "robinmitra",
              "brenetic",
              "CharlesIC",
              "sakisv",
              "ronocg",
              "Rosa-Fox",
              "chrisclayson",
              "smford",
              "blairboy362",
              "Wynndow",
              "andy-paine",
              "tomrosier",
              "bjgill",
              "michaelabenyohai",
              "bravegrape",
              "jstandring-gds",
              "mhussein-gds",
              "adityapahuja",
              "rhowe-gds"
            ],
            "name": "verify-tech-team-approvers",
            "permission": "pull",
            "privacy": "closed",
            "slug": "verify-tech-team-approvers"
          }
        }
      ]
    },
    {
      "module": "module.user_sarahdean",
      "mode": "data",
      "type": "github_team",
      "name": "approvers_team",
      "provider": "provider.github",
      "instances": [
        {
          "schema_version": 0,
          "attributes": {
            "description": "Verify tech team: verify-tech-team-approvers",
            "id": "3101758",
            "members": [
              "idrop",
              "galund",
              "issyl0",
              "mrwilson",
              "philandstuff",
              "chrisholmes",
              "Krenair",
              "thomasalanlee",
              "mmhmm",
              "tlwr",
              "kerrr",
              "robinmitra",
              "brenetic",
              "CharlesIC",
              "sakisv",
              "ronocg",
              "Rosa-Fox",
              "chrisclayson",
              "smford",
              "blairboy362",
              "Wynndow",
              "andy-paine",
              "tomrosier",
              "bjgill",
              "michaelabenyohai",
              "bravegrape",
              "jstandring-gds",
              "mhussein-gds",
              "adityapahuja",
              "rhowe-gds"
            ],
            "name": "verify-tech-team-approvers",
            "permission": "pull",
            "privacy": "closed",
            "slug": "verify-tech-team-approvers"
          }
        }
      ]
    },
    {
      "module": "module.user_annecarr",
      "mode": "data",
      "type": "github_team",
      "name": "approvers_team",
      "provider": "provider.github",
      "instances": [
        {
          "schema_version": 0,
          "attributes": {
            "description": "Verify tech team: verify-tech-team-approvers",
            "id": "3101758",
            "members": [
              "idrop",
              "galund",
              "issyl0",
              "mrwilson",
              "philandstuff",
              "chrisholmes",
              "Krenair",
              "thomasalanlee",
              "mmhmm",
              "tlwr",
              "kerrr",
              "robinmitra",
              "brenetic",
              "CharlesIC",
              "sakisv",
              "ronocg",
              "Rosa-Fox",
              "chrisclayson",
              "smford",
              "blairboy362",
              "Wynndow",
              "andy-paine",
              "tomrosier",
              "bjgill",
              "michaelabenyohai",
              "bravegrape",
              "jstandring-gds",
              "mhussein-gds",
              "adityapahuja",
              "rhowe-gds"
            ],
            "name": "verify-tech-team-approvers",
            "permission": "pull",
            "privacy": "closed",
            "slug": "verify-tech-team-approvers"
          }
        }
      ]
    },
    {
      "module": "module.user_amritsidhu",
      "mode": "data",
      "type": "github_team",
      "name": "approvers_team",
      "provider": "provider.github",
      "instances": [
        {
          "schema_version": 0,
          "attributes": {
            "description": "Verify tech team: verify-tech-team-approvers",
            "id": "3101758",
            "members": [
              "idrop",
              "galund",
              "issyl0",
              "mrwilson",
              "philandstuff",
              "chrisholmes",
              "Krenair",
              "thomasalanlee",
              "mmhmm",
              "tlwr",
              "kerrr",
              "robinmitra",
              "brenetic",
              "CharlesIC",
              "sakisv",
              "ronocg",
              "Rosa-Fox",
              "chrisclayson",
              "smford",
              "blairboy362",
              "Wynndow",
              "andy-paine",
              "tomrosier",
              "bjgill",
              "michaelabenyohai",
              "bravegrape",
              "jstandring-gds",
              "mhussein-gds",
              "adityapahuja",
              "rhowe-gds"
            ],
            "name": "verify-tech-team-approvers",
            "permission": "pull",
            "privacy": "closed",
            "slug": "verify-tech-team-approvers"
          }
        }
      ]
    },
    {
      "module": "module.user_jkunle",
      "mode": "data",
      "type": "github_team",
      "name": "approvers_team",
      "provider": "provider.github",
      "instances": [
        {
          "schema_version": 0,
          "attributes": {
            "description": "Verify tech team: verify-tech-team-approvers",
            "id": "3101758",
            "members": [
              "idrop",
              "galund",
              "issyl0",
              "mrwilson",
              "philandstuff",
              "chrisholmes",
              "Krenair",
              "thomasalanlee",
              "mmhmm",
              "tlwr",
              "kerrr",
              "robinmitra",
              "brenetic",
              "CharlesIC",
              "sakisv",
              "ronocg",
              "Rosa-Fox",
              "chrisclayson",
              "smford",
              "blairboy362",
              "Wynndow",
              "andy-paine",
              "tomrosier",
              "bjgill",
              "michaelabenyohai",
              "bravegrape",
              "jstandring-gds",
              "mhussein-gds",
              "adityapahuja",
              "rhowe-gds"
            ],
            "name": "verify-tech-team-approvers",
            "permission": "pull",
            "privacy": "closed",
            "slug": "verify-tech-team-approvers"
          }
        }
      ]
    },
    {
      "module": "module.user_michaelabenyohai",
      "mode": "data",
      "type": "github_team",
      "name": "approvers_team",
      "provider": "provider.github",
      "instances": [
        {
          "schema_version": 0,
          "attributes": {
            "description": "Verify tech team: verify-tech-team-approvers",
            "id": "3101758",
            "members": [
              "idrop",
              "galund",
              "issyl0",
              "mrwilson",
              "philandstuff",
              "chrisholmes",
              "Krenair",
              "thomasalanlee",
              "mmhmm",
              "tlwr",
              "kerrr",
              "robinmitra",
              "brenetic",
              "CharlesIC",
              "sakisv",
              "ronocg",
              "Rosa-Fox",
              "chrisclayson",
              "smford",
              "blairboy362",
              "Wynndow",
              "andy-paine",
              "tomrosier",
              "bjgill",
              "michaelabenyohai",
              "bravegrape",
              "jstandring-gds",
              "mhussein-gds",
              "adityapahuja",
              "rhowe-gds"
            ],
            "name": "verify-tech-team-approvers",
            "permission": "pull",
            "privacy": "closed",
            "slug": "verify-tech-team-approvers"
          }
        }
      ]
    },
    {
      "module": "module.user_kerrr",
      "mode": "data",
      "type": "github_team",
      "name": "approvers_team",
      "provider": "provider.github",
      "instances": [
        {
          "schema_version": 0,
          "attributes": {
            "description": "Verify tech team: verify-tech-team-approvers",
            "id": "3101758",
            "members": [
              "idrop",
              "galund",
              "issyl0",
              "mrwilson",
              "philandstuff",
              "chrisholmes",
              "Krenair",
              "thomasalanlee",
              "mmhmm",
              "tlwr",
              "kerrr",
              "robinmitra",
              "brenetic",
              "CharlesIC",
              "sakisv",
              "ronocg",
              "Rosa-Fox",
              "chrisclayson",
              "smford",
              "blairboy362",
              "Wynndow",
              "andy-paine",
              "tomrosier",
              "bjgill",
              "michaelabenyohai",
              "bravegrape",
              "jstandring-gds",
              "mhussein-gds",
              "adityapahuja",
              "rhowe-gds"
            ],
            "name": "verify-tech-team-approvers",
            "permission": "pull",
            "privacy": "closed",
            "slug": "verify-tech-team-approvers"
          }
        }
      ]
    },
    {
      "module": "module.user_benjamin_mortimer",
      "mode": "data",
      "type": "github_team",
      "name": "approvers_team",
      "provider": "provider.github",
      "instances": [
        {
          "schema_version": 0,
          "attributes": {
            "description": "Verify tech team: verify-tech-team-approvers",
            "id": "3101758",
            "members": [
              "idrop",
              "galund",
              "issyl0",
              "mrwilson",
              "philandstuff",
              "chrisholmes",
              "Krenair",
              "thomasalanlee",
              "mmhmm",
              "tlwr",
              "kerrr",
              "robinmitra",
              "brenetic",
              "CharlesIC",
              "sakisv",
              "ronocg",
              "Rosa-Fox",
              "chrisclayson",
              "smford",
              "blairboy362",
              "Wynndow",
              "andy-paine",
              "tomrosier",
              "bjgill",
              "michaelabenyohai",
              "bravegrape",
              "jstandring-gds",
              "mhussein-gds",
              "adityapahuja",
              "rhowe-gds"
            ],
            "name": "verify-tech-team-approvers",
            "permission": "pull",
            "privacy": "closed",
            "slug": "verify-tech-team-approvers"
          }
        }
      ]
    },
    {
      "module": "module.user_chrisclayson",
      "mode": "data",
      "type": "github_team",
      "name": "approvers_team",
      "provider": "provider.github",
      "instances": [
        {
          "schema_version": 0,
          "attributes": {
            "description": "Verify tech team: verify-tech-team-approvers",
            "id": "3101758",
            "members": [
              "idrop",
              "galund",
              "issyl0",
              "mrwilson",
              "philandstuff",
              "chrisholmes",
              "Krenair",
              "thomasalanlee",
              "mmhmm",
              "tlwr",
              "kerrr",
              "robinmitra",
              "brenetic",
              "CharlesIC",
              "sakisv",
              "ronocg",
              "Rosa-Fox",
              "chrisclayson",
              "smford",
              "blairboy362",
              "Wynndow",
              "andy-paine",
              "tomrosier",
              "bjgill",
              "michaelabenyohai",
              "bravegrape",
              "jstandring-gds",
              "mhussein-gds",
              "adityapahuja",
              "rhowe-gds"
            ],
            "name": "verify-tech-team-approvers",
            "permission": "pull",
            "privacy": "closed",
            "slug": "verify-tech-team-approvers"
          }
        }
      ]
    },
    {
      "module": "module.user_mrwilson",
      "mode": "data",
      "type": "github_team",
      "name": "approvers_team",
      "provider": "provider.github",
      "instances": [
        {
          "schema_version": 0,
          "attributes": {
            "description": "Verify tech team: verify-tech-team-approvers",
            "id": "3101758",
            "members": [
              "idrop",
              "galund",
              "issyl0",
              "mrwilson",
              "philandstuff",
              "chrisholmes",
              "Krenair",
              "thomasalanlee",
              "mmhmm",
              "tlwr",
              "kerrr",
              "robinmitra",
              "brenetic",
              "CharlesIC",
              "sakisv",
              "ronocg",
              "Rosa-Fox",
              "chrisclayson",
              "smford",
              "blairboy362",
              "Wynndow",
              "andy-paine",
              "tomrosier",
              "bjgill",
              "michaelabenyohai",
              "bravegrape",
              "jstandring-gds",
              "mhussein-gds",
              "adityapahuja",
              "rhowe-gds"
            ],
            "name": "verify-tech-team-approvers",
            "permission": "pull",
            "privacy": "closed",
            "slug": "verify-tech-team-approvers"
          }
        }
      ]
    },
    {
      "module": "module.user_szd55gds",
      "mode": "data",
      "type": "github_team",
      "name": "approvers_team",
      "provider": "provider.github",
      "instances": [
        {
          "schema_version": 0,
          "attributes": {
            "description": "Verify tech team: verify-tech-team-approvers",
            "id": "3101758",
            "members": [
              "idrop",
              "galund",
              "issyl0",
              "mrwilson",
              "philandstuff",
              "chrisholmes",
              "Krenair",
              "thomasalanlee",
              "mmhmm",
              "tlwr",
              "kerrr",
              "robinmitra",
              "brenetic",
              "CharlesIC",
              "sakisv",
              "ronocg",
              "Rosa-Fox",
              "chrisclayson",
              "smford",
              "blairboy362",
              "Wynndow",
              "andy-paine",
              "tomrosier",
              "bjgill",
              "michaelabenyohai",
              "bravegrape",
              "jstandring-gds",
              "mhussein-gds",
              "adityapahuja",
              "rhowe-gds"
            ],
            "name": "verify-tech-team-approvers",
            "permission": "pull",
            "privacy": "closed",
            "slug": "verify-tech-team-approvers"
          }
        }
      ]
    },
    {
      "module": "module.user_blairboy362",
      "mode": "data",
      "type": "github_team",
      "name": "approvers_team",
      "provider": "provider.github",
      "instances": [
        {
          "schema_version": 0,
          "attributes": {
            "description": "Verify tech team: verify-tech-team-approvers",
            "id": "3101758",
            "members": [
              "idrop",
              "galund",
              "issyl0",
              "mrwilson",
              "philandstuff",
              "chrisholmes",
              "Krenair",
              "thomasalanlee",
              "mmhmm",
              "tlwr",
              "kerrr",
              "robinmitra",
              "brenetic",
              "CharlesIC",
              "sakisv",
              "ronocg",
              "Rosa-Fox",
              "chrisclayson",
              "smford",
              "blairboy362",
              "Wynndow",
              "andy-paine",
              "tomrosier",
              "bjgill",
              "michaelabenyohai",
              "bravegrape",
              "jstandring-gds",
              "mhussein-gds",
              "adityapahuja",
              "rhowe-gds"
            ],
            "name": "verify-tech-team-approvers",
            "permission": "pull",
            "privacy": "closed",
            "slug": "verify-tech-team-approvers"
          }
        }
      ]
    },
    {
      "module": "module.user_issyl0",
      "mode": "data",
      "type": "github_team",
      "name": "approvers_team",
      "provider": "provider.github",
      "instances": [
        {
          "schema_version": 0,
          "attributes": {
            "description": "Verify tech team: verify-tech-team-approvers",
            "id": "3101758",
            "members": [
              "idrop",
              "galund",
              "issyl0",
              "mrwilson",
              "philandstuff",
              "chrisholmes",
              "Krenair",
              "thomasalanlee",
              "mmhmm",
              "tlwr",
              "kerrr",
              "robinmitra",
              "brenetic",
              "CharlesIC",
              "sakisv",
              "ronocg",
              "Rosa-Fox",
              "chrisclayson",
              "smford",
              "blairboy362",
              "Wynndow",
              "andy-paine",
              "tomrosier",
              "bjgill",
              "michaelabenyohai",
              "bravegrape",
              "jstandring-gds",
              "mhussein-gds",
              "adityapahuja",
              "rhowe-gds"
            ],
            "name": "verify-tech-team-approvers",
            "permission": "pull",
            "privacy": "closed",
            "slug": "verify-tech-team-approvers"
          }
        }
      ]
    },
    {
      "module": "module.user_mhussein_gds",
      "mode": "data",
      "type": "github_team",
      "name": "approvers_team",
      "provider": "provider.github",
      "instances": [
        {
          "schema_version": 0,
          "attributes": {
            "description": "Verify tech team: verify-tech-team-approvers",
            "id": "3101758",
            "members": [
              "idrop",
              "galund",
              "issyl0",
              "mrwilson",
              "philandstuff",
              "chrisholmes",
              "Krenair",
              "thomasalanlee",
              "mmhmm",
              "tlwr",
              "kerrr",
              "robinmitra",
              "brenetic",
              "CharlesIC",
              "sakisv",
              "ronocg",
              "Rosa-Fox",
              "chrisclayson",
              "smford",
              "blairboy362",
              "Wynndow",
              "andy-paine",
              "tomrosier",
              "bjgill",
              "michaelabenyohai",
              "bravegrape",
              "jstandring-gds",
              "mhussein-gds",
              "adityapahuja",
              "rhowe-gds"
            ],
            "name": "verify-tech-team-approvers",
            "permission": "pull",
            "privacy": "closed",
            "slug": "verify-tech-team-approvers"
          }
        }
      ]
    },
    {
      "module": "module.user_galund",
      "mode": "data",
      "type": "github_team",
      "name": "approvers_team",
      "provider": "provider.github",
      "instances": [
        {
          "schema_version": 0,
          "attributes": {
            "description": "Verify tech team: verify-tech-team-approvers",
            "id": "3101758",
            "members": [
              "idrop",
              "galund",
              "issyl0",
              "mrwilson",
              "philandstuff",
              "chrisholmes",
              "Krenair",
              "thomasalanlee",
              "mmhmm",
              "tlwr",
              "kerrr",
              "robinmitra",
              "brenetic",
              "CharlesIC",
              "sakisv",
              "ronocg",
              "Rosa-Fox",
              "chrisclayson",
              "smford",
              "blairboy362",
              "Wynndow",
              "andy-paine",
              "tomrosier",
              "bjgill",
              "michaelabenyohai",
              "bravegrape",
              "jstandring-gds",
              "mhussein-gds",
              "adityapahuja",
              "rhowe-gds"
            ],
            "name": "verify-tech-team-approvers",
            "permission": "pull",
            "privacy": "closed",
            "slug": "verify-tech-team-approvers"
          }
        }
      ]
    },
    {
      "module": "module.user_tlwr",
      "mode": "data",
      "type": "github_team",
      "name": "approvers_team",
      "provider": "provider.github",
      "instances": [
        {
          "schema_version": 0,
          "attributes": {
            "description": "Verify tech team: verify-tech-team-approvers",
            "id": "3101758",
            "members": [
              "idrop",
              "galund",
              "issyl0",
              "mrwilson",
              "philandstuff",
              "chrisholmes",
              "Krenair",
              "thomasalanlee",
              "mmhmm",
              "tlwr",
              "kerrr",
              "robinmitra",
              "brenetic",
              "CharlesIC",
              "sakisv",
              "ronocg",
              "Rosa-Fox",
              "chrisclayson",
              "smford",
              "blairboy362",
              "Wynndow",
              "andy-paine",
              "tomrosier",
              "bjgill",
              "michaelabenyohai",
              "bravegrape",
              "jstandring-gds",
              "mhussein-gds",
              "adityapahuja",
              "rhowe-gds"
            ],
            "name": "verify-tech-team-approvers",
            "permission": "pull",
            "privacy": "closed",
            "slug": "verify-tech-team-approvers"
          }
        }
      ]
    },
    {
      "module": "module.user_andy_paine",
      "mode": "data",
      "type": "github_team",
      "name": "approvers_team",
      "provider": "provider.github",
      "instances": [
        {
          "schema_version": 0,
          "attributes": {
            "description": "Verify tech team: verify-tech-team-approvers",
            "id": "3101758",
            "members": [
              "idrop",
              "galund",
              "issyl0",
              "mrwilson",
              "philandstuff",
              "chrisholmes",
              "Krenair",
              "thomasalanlee",
              "mmhmm",
              "tlwr",
              "kerrr",
              "robinmitra",
              "brenetic",
              "CharlesIC",
              "sakisv",
              "ronocg",
              "Rosa-Fox",
              "chrisclayson",
              "smford",
              "blairboy362",
              "Wynndow",
              "andy-paine",
              "tomrosier",
              "bjgill",
              "michaelabenyohai",
              "bravegrape",
              "jstandring-gds",
              "mhussein-gds",
              "adityapahuja",
              "rhowe-gds"
            ],
            "name": "verify-tech-team-approvers",
            "permission": "pull",
            "privacy": "closed",
            "slug": "verify-tech-team-approvers"
          }
        }
      ]
    },
    {
      "module": "module.user_zilnhoj",
      "mode": "data",
      "type": "github_team",
      "name": "approvers_team",
      "provider": "provider.github",
      "instances": [
        {
          "schema_version": 0,
          "attributes": {
            "description": "Verify tech team: verify-tech-team-approvers",
            "id": "3101758",
            "members": [
              "idrop",
              "galund",
              "issyl0",
              "mrwilson",
              "philandstuff",
              "chrisholmes",
              "Krenair",
              "thomasalanlee",
              "mmhmm",
              "tlwr",
              "kerrr",
              "robinmitra",
              "brenetic",
              "CharlesIC",
              "sakisv",
              "ronocg",
              "Rosa-Fox",
              "chrisclayson",
              "smford",
              "blairboy362",
              "Wynndow",
              "andy-paine",
              "tomrosier",
              "bjgill",
              "michaelabenyohai",
              "bravegrape",
              "jstandring-gds",
              "mhussein-gds",
              "adityapahuja",
              "rhowe-gds"
            ],
            "name": "verify-tech-team-approvers",
            "permission": "pull",
            "privacy": "closed",
            "slug": "verify-tech-team-approvers"
          }
        }
      ]
    },
    {
      "module": "module.user_bjgill",
      "mode": "data",
      "type": "github_team",
      "name": "approvers_team",
      "provider": "provider.github",
      "instances": [
        {
          "schema_version": 0,
          "attributes": {
            "description": "Verify tech team: verify-tech-team-approvers",
            "id": "3101758",
            "members": [
              "idrop",
              "galund",
              "issyl0",
              "mrwilson",
              "philandstuff",
              "chrisholmes",
              "Krenair",
              "thomasalanlee",
              "mmhmm",
              "tlwr",
              "kerrr",
              "robinmitra",
              "brenetic",
              "CharlesIC",
              "sakisv",
              "ronocg",
              "Rosa-Fox",
              "chrisclayson",
              "smford",
              "blairboy362",
              "Wynndow",
              "andy-paine",
              "tomrosier",
              "bjgill",
              "michaelabenyohai",
              "bravegrape",
              "jstandring-gds",
              "mhussein-gds",
              "adityapahuja",
              "rhowe-gds"
            ],
            "name": "verify-tech-team-approvers",
            "permission": "pull",
            "privacy": "closed",
            "slug": "verify-tech-team-approvers"
          }
        }
      ]
    },
    {
      "module": "module.user_alexandergeegds",
      "mode": "data",
      "type": "github_team",
      "name": "approvers_team",
      "provider": "provider.github",
      "instances": [
        {
          "schema_version": 0,
          "attributes": {
            "description": "Verify tech team: verify-tech-team-approvers",
            "id": "3101758",
            "members": [
              "idrop",
              "galund",
              "issyl0",
              "mrwilson",
              "philandstuff",
              "chrisholmes",
              "Krenair",
              "thomasalanlee",
              "mmhmm",
              "tlwr",
              "kerrr",
              "robinmitra",
              "brenetic",
              "CharlesIC",
              "sakisv",
              "ronocg",
              "Rosa-Fox",
              "chrisclayson",
              "smford",
              "blairboy362",
              "Wynndow",
              "andy-paine",
              "tomrosier",
              "bjgill",
              "michaelabenyohai",
              "bravegrape",
              "jstandring-gds",
              "mhussein-gds",
              "adityapahuja",
              "rhowe-gds"
            ],
            "name": "verify-tech-team-approvers",
            "permission": "pull",
            "privacy": "closed",
            "slug": "verify-tech-team-approvers"
          }
        }
      ]
    },
    {
      "module": "module.user_rhowe_gds",
      "mode": "data",
      "type": "github_team",
      "name": "approvers_team",
      "provider": "provider.github",
      "instances": [
        {
          "schema_version": 0,
          "attributes": {
            "description": "Verify tech team: verify-tech-team-approvers",
            "id": "3101758",
            "members": [
              "idrop",
              "galund",
              "issyl0",
              "mrwilson",
              "philandstuff",
              "chrisholmes",
              "Krenair",
              "thomasalanlee",
              "mmhmm",
              "tlwr",
              "kerrr",
              "robinmitra",
              "brenetic",
              "CharlesIC",
              "sakisv",
              "ronocg",
              "Rosa-Fox",
              "chrisclayson",
              "smford",
              "blairboy362",
              "Wynndow",
              "andy-paine",
              "tomrosier",
              "bjgill",
              "michaelabenyohai",
              "bravegrape",
              "jstandring-gds",
              "mhussein-gds",
              "adityapahuja",
              "rhowe-gds"
            ],
            "name": "verify-tech-team-approvers",
            "permission": "pull",
            "privacy": "closed",
            "slug": "verify-tech-team-approvers"
          }
        }
      ]
    },
    {
      "module": "module.user_alan_gds",
      "mode": "data",
      "type": "github_team",
      "name": "approvers_team",
      "provider": "provider.github",
      "instances": [
        {
          "schema_version": 0,
          "attributes": {
            "description": "Verify tech team: verify-tech-team-approvers",
            "id": "3101758",
            "members": [
              "idrop",
              "galund",
              "issyl0",
              "mrwilson",
              "philandstuff",
              "chrisholmes",
              "Krenair",
              "thomasalanlee",
              "mmhmm",
              "tlwr",
              "kerrr",
              "robinmitra",
              "brenetic",
              "CharlesIC",
              "sakisv",
              "ronocg",
              "Rosa-Fox",
              "chrisclayson",
              "smford",
              "blairboy362",
              "Wynndow",
              "andy-paine",
              "tomrosier",
              "bjgill",
              "michaelabenyohai",
              "bravegrape",
              "jstandring-gds",
              "mhussein-gds",
              "adityapahuja",
              "rhowe-gds"
            ],
            "name": "verify-tech-team-approvers",
            "permission": "pull",
            "privacy": "closed",
            "slug": "verify-tech-team-approvers"
          }
        }
      ]
    },
    {
      "module": "module.user_nacnudus",
      "mode": "data",
      "type": "github_team",
      "name": "approvers_team",
      "provider": "provider.github",
      "instances": [
        {
          "schema_version": 0,
          "attributes": {
            "description": "Verify tech team: verify-tech-team-approvers",
            "id": "3101758",
            "members": [
              "idrop",
              "galund",
              "issyl0",
              "mrwilson",
              "philandstuff",
              "chrisholmes",
              "Krenair",
              "thomasalanlee",
              "mmhmm",
              "tlwr",
              "kerrr",
              "robinmitra",
              "brenetic",
              "CharlesIC",
              "sakisv",
              "ronocg",
              "Rosa-Fox",
              "chrisclayson",
              "smford",
              "blairboy362",
              "Wynndow",
              "andy-paine",
              "tomrosier",
              "bjgill",
              "michaelabenyohai",
              "bravegrape",
              "jstandring-gds",
              "mhussein-gds",
              "adityapahuja",
              "rhowe-gds"
            ],
            "name": "verify-tech-team-approvers",
            "permission": "pull",
            "privacy": "closed",
            "slug": "verify-tech-team-approvers"
          }
        }
      ]
    },
    {
      "module": "module.user_danielblair",
      "mode": "data",
      "type": "github_team",
      "name": "approvers_team",
      "provider": "provider.github",
      "instances": [
        {
          "schema_version": 0,
          "attributes": {
            "description": "Verify tech team: verify-tech-team-approvers",
            "id": "3101758",
            "members": [
              "idrop",
              "galund",
              "issyl0",
              "mrwilson",
              "philandstuff",
              "chrisholmes",
              "Krenair",
              "thomasalanlee",
              "mmhmm",
              "tlwr",
              "kerrr",
              "robinmitra",
              "brenetic",
              "CharlesIC",
              "sakisv",
              "ronocg",
              "Rosa-Fox",
              "chrisclayson",
              "smford",
              "blairboy362",
              "Wynndow",
              "andy-paine",
              "tomrosier",
              "bjgill",
              "michaelabenyohai",
              "bravegrape",
              "jstandring-gds",
              "mhussein-gds",
              "adityapahuja",
              "rhowe-gds"
            ],
            "name": "verify-tech-team-approvers",
            "permission": "pull",
            "privacy": "closed",
            "slug": "verify-tech-team-approvers"
          }
        }
      ]
    },
    {
      "module": "module.user_charlesic",
      "mode": "data",
      "type": "github_team",
      "name": "approvers_team",
      "provider": "provider.github",
      "instances": [
        {
          "schema_version": 0,
          "attributes": {
            "description": "Verify tech team: verify-tech-team-approvers",
            "id": "3101758",
            "members": [
              "idrop",
              "galund",
              "issyl0",
              "mrwilson",
              "philandstuff",
              "chrisholmes",
              "Krenair",
              "thomasalanlee",
              "mmhmm",
              "tlwr",
              "kerrr",
              "robinmitra",
              "brenetic",
              "CharlesIC",
              "sakisv",
              "ronocg",
              "Rosa-Fox",
              "chrisclayson",
              "smford",
              "blairboy362",
              "Wynndow",
              "andy-paine",
              "tomrosier",
              "bjgill",
              "michaelabenyohai",
              "bravegrape",
              "jstandring-gds",
              "mhussein-gds",
              "adityapahuja",
              "rhowe-gds"
            ],
            "name": "verify-tech-team-approvers",
            "permission": "pull",
            "privacy": "closed",
            "slug": "verify-tech-team-approvers"
          }
        }
      ]
    },
    {
      "module": "module.user_philandstuff",
      "mode": "data",
      "type": "github_team",
      "name": "approvers_team",
      "provider": "provider.github",
      "instances": [
        {
          "schema_version": 0,
          "attributes": {
            "description": "Verify tech team: verify-tech-team-approvers",
            "id": "3101758",
            "members": [
              "idrop",
              "galund",
              "issyl0",
              "mrwilson",
              "philandstuff",
              "chrisholmes",
              "Krenair",
              "thomasalanlee",
              "mmhmm",
              "tlwr",
              "kerrr",
              "robinmitra",
              "brenetic",
              "CharlesIC",
              "sakisv",
              "ronocg",
              "Rosa-Fox",
              "chrisclayson",
              "smford",
              "blairboy362",
              "Wynndow",
              "andy-paine",
              "tomrosier",
              "bjgill",
              "michaelabenyohai",
              "bravegrape",
              "jstandring-gds",
              "mhussein-gds",
              "adityapahuja",
              "rhowe-gds"
            ],
            "name": "verify-tech-team-approvers",
            "permission": "pull",
            "privacy": "closed",
            "slug": "verify-tech-team-approvers"
          }
        }
      ]
    },
    {
      "module": "module.user_jakubmiarka",
      "mode": "data",
      "type": "github_team",
      "name": "approvers_team",
      "provider": "provider.github",
      "instances": [
        {
          "schema_version": 0,
          "attributes": {
            "description": "Verify tech team: verify-tech-team-approvers",
            "id": "3101758",
            "members": [
              "idrop",
              "galund",
              "issyl0",
              "mrwilson",
              "philandstuff",
              "chrisholmes",
              "Krenair",
              "thomasalanlee",
              "mmhmm",
              "tlwr",
              "kerrr",
              "robinmitra",
              "brenetic",
              "CharlesIC",
              "sakisv",
              "ronocg",
              "Rosa-Fox",
              "chrisclayson",
              "smford",
              "blairboy362",
              "Wynndow",
              "andy-paine",
              "tomrosier",
              "bjgill",
              "michaelabenyohai",
              "bravegrape",
              "jstandring-gds",
              "mhussein-gds",
              "adityapahuja",
              "rhowe-gds"
            ],
            "name": "verify-tech-team-approvers",
            "permission": "pull",
            "privacy": "closed",
            "slug": "verify-tech-team-approvers"
          }
        }
      ]
    },
    {
      "module": "module.user_j_maynard",
      "mode": "data",
      "type": "github_team",
      "name": "approvers_team",
      "provider": "provider.github",
      "instances": [
        {
          "schema_version": 0,
          "attributes": {
            "description": "Verify tech team: verify-tech-team-approvers",
            "id": "3101758",
            "members": [
              "idrop",
              "galund",
              "issyl0",
              "mrwilson",
              "philandstuff",
              "chrisholmes",
              "Krenair",
              "thomasalanlee",
              "mmhmm",
              "tlwr",
              "kerrr",
              "robinmitra",
              "brenetic",
              "CharlesIC",
              "sakisv",
              "ronocg",
              "Rosa-Fox",
              "chrisclayson",
              "smford",
              "blairboy362",
              "Wynndow",
              "andy-paine",
              "tomrosier",
              "bjgill",
              "michaelabenyohai",
              "bravegrape",
              "jstandring-gds",
              "mhussein-gds",
              "adityapahuja",
              "rhowe-gds"
            ],
            "name": "verify-tech-team-approvers",
            "permission": "pull",
            "privacy": "closed",
            "slug": "verify-tech-team-approvers"
          }
        }
      ]
    },
    {
      "module": "module.user_brenetic",
      "mode": "data",
      "type": "github_team",
      "name": "approvers_team",
      "provider": "provider.github",
      "instances": [
        {
          "schema_version": 0,
          "attributes": {
            "description": "Verify tech team: verify-tech-team-approvers",
            "id": "3101758",
            "members": [
              "idrop",
              "galund",
              "issyl0",
              "mrwilson",
              "philandstuff",
              "chrisholmes",
              "Krenair",
              "thomasalanlee",
              "mmhmm",
              "tlwr",
              "kerrr",
              "robinmitra",
              "brenetic",
              "CharlesIC",
              "sakisv",
              "ronocg",
              "Rosa-Fox",
              "chrisclayson",
              "smford",
              "blairboy362",
              "Wynndow",
              "andy-paine",
              "tomrosier",
              "bjgill",
              "michaelabenyohai",
              "bravegrape",
              "jstandring-gds",
              "mhussein-gds",
              "adityapahuja",
              "rhowe-gds"
            ],
            "name": "verify-tech-team-approvers",
            "permission": "pull",
            "privacy": "closed",
            "slug": "verify-tech-team-approvers"
          }
        }
      ]
    },
    {
      "module": "module.user_bravegrape",
      "mode": "data",
      "type": "github_team",
      "name": "approvers_team",
      "provider": "provider.github",
      "instances": [
        {
          "schema_version": 0,
          "attributes": {
            "description": "Verify tech team: verify-tech-team-approvers",
            "id": "3101758",
            "members": [
              "idrop",
              "galund",
              "issyl0",
              "mrwilson",
              "philandstuff",
              "chrisholmes",
              "Krenair",
              "thomasalanlee",
              "mmhmm",
              "tlwr",
              "kerrr",
              "robinmitra",
              "brenetic",
              "CharlesIC",
              "sakisv",
              "ronocg",
              "Rosa-Fox",
              "chrisclayson",
              "smford",
              "blairboy362",
              "Wynndow",
              "andy-paine",
              "tomrosier",
              "bjgill",
              "michaelabenyohai",
              "bravegrape",
              "jstandring-gds",
              "mhussein-gds",
              "adityapahuja",
              "rhowe-gds"
            ],
            "name": "verify-tech-team-approvers",
            "permission": "pull",
            "privacy": "closed",
            "slug": "verify-tech-team-approvers"
          }
        }
      ]
    },
    {
      "module": "module.user_ida_build_bot",
      "mode": "data",
      "type": "github_team",
      "name": "approvers_team",
      "provider": "provider.github",
      "instances": [
        {
          "schema_version": 0,
          "attributes": {
            "description": "Verify tech team: verify-tech-team-approvers",
            "id": "3101758",
            "members": [
              "idrop",
              "galund",
              "issyl0",
              "mrwilson",
              "philandstuff",
              "chrisholmes",
              "Krenair",
              "thomasalanlee",
              "mmhmm",
              "tlwr",
              "kerrr",
              "robinmitra",
              "brenetic",
              "CharlesIC",
              "sakisv",
              "ronocg",
              "Rosa-Fox",
              "chrisclayson",
              "smford",
              "blairboy362",
              "Wynndow",
              "andy-paine",
              "tomrosier",
              "bjgill",
              "michaelabenyohai",
              "bravegrape",
              "jstandring-gds",
              "mhussein-gds",
              "adityapahuja",
              "rhowe-gds"
            ],
            "name": "verify-tech-team-approvers",
            "permission": "pull",
            "privacy": "closed",
            "slug": "verify-tech-team-approvers"
          }
        }
      ]
    },
    {
      "module": "module.user_coleni",
      "mode": "data",
      "type": "github_team",
      "name": "approvers_team",
      "provider": "provider.github",
      "instances": [
        {
          "schema_version": 0,
          "attributes": {
            "description": "Verify tech team: verify-tech-team-approvers",
            "id": "3101758",
            "members": [
              "idrop",
              "galund",
              "issyl0",
              "mrwilson",
              "philandstuff",
              "chrisholmes",
              "Krenair",
              "thomasalanlee",
              "mmhmm",
              "tlwr",
              "kerrr",
              "robinmitra",
              "brenetic",
              "CharlesIC",
              "sakisv",
              "ronocg",
              "Rosa-Fox",
              "chrisclayson",
              "smford",
              "blairboy362",
              "Wynndow",
              "andy-paine",
              "tomrosier",
              "bjgill",
              "michaelabenyohai",
              "bravegrape",
              "jstandring-gds",
              "mhussein-gds",
              "adityapahuja",
              "rhowe-gds"
            ],
            "name": "verify-tech-team-approvers",
            "permission": "pull",
            "privacy": "closed",
            "slug": "verify-tech-team-approvers"
          }
        }
      ]
    },
    {
      "module": "module.user_robinmitra",
      "mode": "data",
      "type": "github_team",
      "name": "approvers_team",
      "provider": "provider.github",
      "instances": [
        {
          "schema_version": 0,
          "attributes": {
            "description": "Verify tech team: verify-tech-team-approvers",
            "id": "3101758",
            "members": [
              "idrop",
              "galund",
              "issyl0",
              "mrwilson",
              "philandstuff",
              "chrisholmes",
              "Krenair",
              "thomasalanlee",
              "mmhmm",
              "tlwr",
              "kerrr",
              "robinmitra",
              "brenetic",
              "CharlesIC",
              "sakisv",
              "ronocg",
              "Rosa-Fox",
              "chrisclayson",
              "smford",
              "blairboy362",
              "Wynndow",
              "andy-paine",
              "tomrosier",
              "bjgill",
              "michaelabenyohai",
              "bravegrape",
              "jstandring-gds",
              "mhussein-gds",
              "adityapahuja",
              "rhowe-gds"
            ],
            "name": "verify-tech-team-approvers",
            "permission": "pull",
            "privacy": "closed",
            "slug": "verify-tech-team-approvers"
          }
        }
      ]
    },
    {
      "module": "module.user_chrisholmes",
      "mode": "data",
      "type": "github_team",
      "name": "approvers_team",
      "provider": "provider.github",
      "instances": [
        {
          "schema_version": 0,
          "attributes": {
            "description": "Verify tech team: verify-tech-team-approvers",
            "id": "3101758",
            "members": [
              "idrop",
              "galund",
              "issyl0",
              "mrwilson",
              "philandstuff",
              "chrisholmes",
              "Krenair",
              "thomasalanlee",
              "mmhmm",
              "tlwr",
              "kerrr",
              "robinmitra",
              "brenetic",
              "CharlesIC",
              "sakisv",
              "ronocg",
              "Rosa-Fox",
              "chrisclayson",
              "smford",
              "blairboy362",
              "Wynndow",
              "andy-paine",
              "tomrosier",
              "bjgill",
              "michaelabenyohai",
              "bravegrape",
              "jstandring-gds",
              "mhussein-gds",
              "adityapahuja",
              "rhowe-gds"
            ],
            "name": "verify-tech-team-approvers",
            "permission": "pull",
            "privacy": "closed",
            "slug": "verify-tech-team-approvers"
          }
        }
      ]
    },
    {
      "mode": "data",
      "type": "github_team",
      "name": "core",
      "provider": "provider.github",
      "instances": [
        {
          "schema_version": 0,
          "attributes": {
            "description": "Verify tech team: verify-tech-team-core",
            "id": "2826122",
            "members": [
              "idrop",
              "galund",
              "issyl0",
              "mrwilson",
              "philandstuff",
              "chrisholmes",
              "Krenair",
              "thomasalanlee",
              "tlwr",
              "kerrr",
              "instantiator",
              "zilnhoj",
              "Todai88",
              "robinmitra",
              "brenetic",
              "nacnudus",
              "CharlesIC",
              "jkunle",
              "sakisv",
              "ronocg",
              "Rosa-Fox",
              "AnneCarr",
              "ida-build-bot",
              "chrisclayson",
              "blairboy362",
              "Wynndow",
              "andy-paine",
              "tomrosier",
              "bjgill",
              "michaelabenyohai"
            ],
            "name": "verify-tech-team-core",
            "permission": "pull",
            "privacy": "closed",
            "slug": "verify-tech-team-core"
          }
        }
      ]
    },
    {
      "mode": "data",
      "type": "github_team",
      "name": "eidas",
      "provider": "provider.github",
      "instances": [
        {
          "schema_version": 0,
          "attributes": {
            "description": "Verify tech team: verify-tech-team-eidas",
            "id": "2826126",
            "members": [
              "idrop",
              "chrisholmes",
              "thomasalanlee",
              "instantiator",
              "CharlesIC",
              "ida-build-bot",
              "blairboy362",
              "Wynndow",
              "tomrosier",
              "michaelabenyohai",
              "benjamin-mortimer",
              "JHjava",
              "dbes-gds",
              "JohnWattsGDS",
              "ida-codacy-bot"
            ],
            "name": "verify-tech-team-eidas",
            "permission": "pull",
            "privacy": "closed",
            "slug": "verify-tech-team-eidas"
          }
        }
      ]
    },
    {
      "mode": "data",
      "type": "github_team",
      "name": "infrastructure",
      "provider": "provider.github",
      "instances": [
        {
          "schema_version": 0,
          "attributes": {
            "description": "Verify tech team: verify-tech-team-infrastructure",
            "id": "2826127",
            "members": [
              "issyl0",
              "philandstuff",
              "chrisholmes",
              "Krenair",
              "thomasalanlee",
              "mmhmm",
              "tlwr",
              "sakisv",
              "stephengrier",
              "smford",
              "blairboy362",
              "andy-paine",
              "michaelabenyohai",
              "jstandring-gds",
              "adityapahuja",
              "rhowe-gds",
              "szd55gds"
            ],
            "name": "verify-tech-team-infrastructure",
            "permission": "pull",
            "privacy": "closed",
            "slug": "verify-tech-team-infrastructure"
          }
        }
      ]
    },
    {
      "module": "module.user_sakisv",
      "mode": "data",
      "type": "github_team",
      "name": "tech_team",
      "provider": "provider.github",
      "instances": [
        {
          "schema_version": 0,
          "attributes": {
            "description": "Verify Tech Team",
            "id": "2830432",
            "members": [
              "idrop",
              "galund",
              "issyl0",
              "mrwilson",
              "philandstuff",
              "chrisholmes",
              "Krenair",
              "thomasalanlee",
              "mmhmm",
              "tlwr",
              "kerrr",
              "instantiator",
              "zilnhoj",
              "Todai88",
              "robinmitra",
              "brenetic",
              "nacnudus",
              "CharlesIC",
              "jkunle",
              "sakisv",
              "stephengrier",
              "ronocg",
              "Rosa-Fox",
              "AnneCarr",
              "ida-build-bot",
              "chrisclayson",
              "smford",
              "blairboy362",
              "Wynndow",
              "andy-paine"
            ],
            "name": "verify-tech-team",
            "permission": "pull",
            "privacy": "closed",
            "slug": "verify-tech-team"
          }
        }
      ]
    },
    {
      "module": "module.user_idacodacybot",
      "mode": "data",
      "type": "github_team",
      "name": "tech_team",
      "provider": "provider.github",
      "instances": [
        {
          "schema_version": 0,
          "attributes": {
            "description": "Verify Tech Team",
            "id": "2830432",
            "members": [
              "idrop",
              "galund",
              "issyl0",
              "mrwilson",
              "philandstuff",
              "chrisholmes",
              "Krenair",
              "thomasalanlee",
              "mmhmm",
              "tlwr",
              "kerrr",
              "instantiator",
              "zilnhoj",
              "Todai88",
              "robinmitra",
              "brenetic",
              "nacnudus",
              "CharlesIC",
              "jkunle",
              "sakisv",
              "stephengrier",
              "ronocg",
              "Rosa-Fox",
              "AnneCarr",
              "ida-build-bot",
              "chrisclayson",
              "smford",
              "blairboy362",
              "Wynndow",
              "andy-paine"
            ],
            "name": "verify-tech-team",
            "permission": "pull",
            "privacy": "closed",
            "slug": "verify-tech-team"
          }
        }
      ]
    },
    {
      "module": "module.user_thomasalanlee",
      "mode": "data",
      "type": "github_team",
      "name": "tech_team",
      "provider": "provider.github",
      "instances": [
        {
          "schema_version": 0,
          "attributes": {
            "description": "Verify Tech Team",
            "id": "2830432",
            "members": [
              "idrop",
              "galund",
              "issyl0",
              "mrwilson",
              "philandstuff",
              "chrisholmes",
              "Krenair",
              "thomasalanlee",
              "mmhmm",
              "tlwr",
              "kerrr",
              "instantiator",
              "zilnhoj",
              "Todai88",
              "robinmitra",
              "brenetic",
              "nacnudus",
              "CharlesIC",
              "jkunle",
              "sakisv",
              "stephengrier",
              "ronocg",
              "Rosa-Fox",
              "AnneCarr",
              "ida-build-bot",
              "chrisclayson",
              "smford",
              "blairboy362",
              "Wynndow",
              "andy-paine"
            ],
            "name": "verify-tech-team",
            "permission": "pull",
            "privacy": "closed",
            "slug": "verify-tech-team"
          }
        }
      ]
    },
    {
      "module": "module.user_chris_wynne",
      "mode": "data",
      "type": "github_team",
      "name": "tech_team",
      "provider": "provider.github",
      "instances": [
        {
          "schema_version": 0,
          "attributes": {
            "description": "Verify Tech Team",
            "id": "2830432",
            "members": [
              "idrop",
              "galund",
              "issyl0",
              "mrwilson",
              "philandstuff",
              "chrisholmes",
              "Krenair",
              "thomasalanlee",
              "mmhmm",
              "tlwr",
              "kerrr",
              "instantiator",
              "zilnhoj",
              "Todai88",
              "robinmitra",
              "brenetic",
              "nacnudus",
              "CharlesIC",
              "jkunle",
              "sakisv",
              "stephengrier",
              "ronocg",
              "Rosa-Fox",
              "AnneCarr",
              "ida-build-bot",
              "chrisclayson",
              "smford",
              "blairboy362",
              "Wynndow",
              "andy-paine"
            ],
            "name": "verify-tech-team",
            "permission": "pull",
            "privacy": "closed",
            "slug": "verify-tech-team"
          }
        }
      ]
    },
    {
      "module": "module.user_todai88",
      "mode": "data",
      "type": "github_team",
      "name": "tech_team",
      "provider": "provider.github",
      "instances": [
        {
          "schema_version": 0,
          "attributes": {
            "description": "Verify Tech Team",
            "id": "2830432",
            "members": [
              "idrop",
              "galund",
              "issyl0",
              "mrwilson",
              "philandstuff",
              "chrisholmes",
              "Krenair",
              "thomasalanlee",
              "mmhmm",
              "tlwr",
              "kerrr",
              "instantiator",
              "zilnhoj",
              "Todai88",
              "robinmitra",
              "brenetic",
              "nacnudus",
              "CharlesIC",
              "jkunle",
              "sakisv",
              "stephengrier",
              "ronocg",
              "Rosa-Fox",
              "AnneCarr",
              "ida-build-bot",
              "chrisclayson",
              "smford",
              "blairboy362",
              "Wynndow",
              "andy-paine"
            ],
            "name": "verify-tech-team",
            "permission": "pull",
            "privacy": "closed",
            "slug": "verify-tech-team"
          }
        }
      ]
    },
    {
      "module": "module.user_instantiator",
      "mode": "data",
      "type": "github_team",
      "name": "tech_team",
      "provider": "provider.github",
      "instances": [
        {
          "schema_version": 0,
          "attributes": {
            "description": "Verify Tech Team",
            "id": "2830432",
            "members": [
              "idrop",
              "galund",
              "issyl0",
              "mrwilson",
              "philandstuff",
              "chrisholmes",
              "Krenair",
              "thomasalanlee",
              "mmhmm",
              "tlwr",
              "kerrr",
              "instantiator",
              "zilnhoj",
              "Todai88",
              "robinmitra",
              "brenetic",
              "nacnudus",
              "CharlesIC",
              "jkunle",
              "sakisv",
              "stephengrier",
              "ronocg",
              "Rosa-Fox",
              "AnneCarr",
              "ida-build-bot",
              "chrisclayson",
              "smford",
              "blairboy362",
              "Wynndow",
              "andy-paine"
            ],
            "name": "verify-tech-team",
            "permission": "pull",
            "privacy": "closed",
            "slug": "verify-tech-team"
          }
        }
      ]
    },
    {
      "module": "module.user_gdsnewt",
      "mode": "data",
      "type": "github_team",
      "name": "tech_team",
      "provider": "provider.github",
      "instances": [
        {
          "schema_version": 0,
          "attributes": {
            "description": "Verify Tech Team",
            "id": "2830432",
            "members": [
              "idrop",
              "galund",
              "issyl0",
              "mrwilson",
              "philandstuff",
              "chrisholmes",
              "Krenair",
              "thomasalanlee",
              "mmhmm",
              "tlwr",
              "kerrr",
              "instantiator",
              "zilnhoj",
              "Todai88",
              "robinmitra",
              "brenetic",
              "nacnudus",
              "CharlesIC",
              "jkunle",
              "sakisv",
              "stephengrier",
              "ronocg",
              "Rosa-Fox",
              "AnneCarr",
              "ida-build-bot",
              "chrisclayson",
              "smford",
              "blairboy362",
              "Wynndow",
              "andy-paine"
            ],
            "name": "verify-tech-team",
            "permission": "pull",
            "privacy": "closed",
            "slug": "verify-tech-team"
          }
        }
      ]
    },
    {
      "module": "module.user_alex_monk",
      "mode": "data",
      "type": "github_team",
      "name": "tech_team",
      "provider": "provider.github",
      "instances": [
        {
          "schema_version": 0,
          "attributes": {
            "description": "Verify Tech Team",
            "id": "2830432",
            "members": [
              "idrop",
              "galund",
              "issyl0",
              "mrwilson",
              "philandstuff",
              "chrisholmes",
              "Krenair",
              "thomasalanlee",
              "mmhmm",
              "tlwr",
              "kerrr",
              "instantiator",
              "zilnhoj",
              "Todai88",
              "robinmitra",
              "brenetic",
              "nacnudus",
              "CharlesIC",
              "jkunle",
              "sakisv",
              "stephengrier",
              "ronocg",
              "Rosa-Fox",
              "AnneCarr",
              "ida-build-bot",
              "chrisclayson",
              "smford",
              "blairboy362",
              "Wynndow",
              "andy-paine"
            ],
            "name": "verify-tech-team",
            "permission": "pull",
            "privacy": "closed",
            "slug": "verify-tech-team"
          }
        }
      ]
    },
    {
      "module": "module.user_adityapahuja",
      "mode": "data",
      "type": "github_team",
      "name": "tech_team",
      "provider": "provider.github",
      "instances": [
        {
          "schema_version": 0,
          "attributes": {
            "description": "Verify Tech Team",
            "id": "2830432",
            "members": [
              "idrop",
              "galund",
              "issyl0",
              "mrwilson",
              "philandstuff",
              "chrisholmes",
              "Krenair",
              "thomasalanlee",
              "mmhmm",
              "tlwr",
              "kerrr",
              "instantiator",
              "zilnhoj",
              "Todai88",
              "robinmitra",
              "brenetic",
              "nacnudus",
              "CharlesIC",
              "jkunle",
              "sakisv",
              "stephengrier",
              "ronocg",
              "Rosa-Fox",
              "AnneCarr",
              "ida-build-bot",
              "chrisclayson",
              "smford",
              "blairboy362",
              "Wynndow",
              "andy-paine"
            ],
            "name": "verify-tech-team",
            "permission": "pull",
            "privacy": "closed",
            "slug": "verify-tech-team"
          }
        }
      ]
    },
    {
      "module": "module.user_ronocg",
      "mode": "data",
      "type": "github_team",
      "name": "tech_team",
      "provider": "provider.github",
      "instances": [
        {
          "schema_version": 0,
          "attributes": {
            "description": "Verify Tech Team",
            "id": "2830432",
            "members": [
              "idrop",
              "galund",
              "issyl0",
              "mrwilson",
              "philandstuff",
              "chrisholmes",
              "Krenair",
              "thomasalanlee",
              "mmhmm",
              "tlwr",
              "kerrr",
              "instantiator",
              "zilnhoj",
              "Todai88",
              "robinmitra",
              "brenetic",
              "nacnudus",
              "CharlesIC",
              "jkunle",
              "sakisv",
              "stephengrier",
              "ronocg",
              "Rosa-Fox",
              "AnneCarr",
              "ida-build-bot",
              "chrisclayson",
              "smford",
              "blairboy362",
              "Wynndow",
              "andy-paine"
            ],
            "name": "verify-tech-team",
            "permission": "pull",
            "privacy": "closed",
            "slug": "verify-tech-team"
          }
        }
      ]
    },
    {
      "module": "module.user_dbes_gds",
      "mode": "data",
      "type": "github_team",
      "name": "tech_team",
      "provider": "provider.github",
      "instances": [
        {
          "schema_version": 0,
          "attributes": {
            "description": "Verify Tech Team",
            "id": "2830432",
            "members": [
              "idrop",
              "galund",
              "issyl0",
              "mrwilson",
              "philandstuff",
              "chrisholmes",
              "Krenair",
              "thomasalanlee",
              "mmhmm",
              "tlwr",
              "kerrr",
              "instantiator",
              "zilnhoj",
              "Todai88",
              "robinmitra",
              "brenetic",
              "nacnudus",
              "CharlesIC",
              "jkunle",
              "sakisv",
              "stephengrier",
              "ronocg",
              "Rosa-Fox",
              "AnneCarr",
              "ida-build-bot",
              "chrisclayson",
              "smford",
              "blairboy362",
              "Wynndow",
              "andy-paine"
            ],
            "name": "verify-tech-team",
            "permission": "pull",
            "privacy": "closed",
            "slug": "verify-tech-team"
          }
        }
      ]
    },
    {
      "module": "module.user_smford",
      "mode": "data",
      "type": "github_team",
      "name": "tech_team",
      "provider": "provider.github",
      "instances": [
        {
          "schema_version": 0,
          "attributes": {
            "description": "Verify Tech Team",
            "id": "2830432",
            "members": [
              "idrop",
              "galund",
              "issyl0",
              "mrwilson",
              "philandstuff",
              "chrisholmes",
              "Krenair",
              "thomasalanlee",
              "mmhmm",
              "tlwr",
              "kerrr",
              "instantiator",
              "zilnhoj",
              "Todai88",
              "robinmitra",
              "brenetic",
              "nacnudus",
              "CharlesIC",
              "jkunle",
              "sakisv",
              "stephengrier",
              "ronocg",
              "Rosa-Fox",
              "AnneCarr",
              "ida-build-bot",
              "chrisclayson",
              "smford",
              "blairboy362",
              "Wynndow",
              "andy-paine"
            ],
            "name": "verify-tech-team",
            "permission": "pull",
            "privacy": "closed",
            "slug": "verify-tech-team"
          }
        }
      ]
    },
    {
      "module": "module.user_idrop",
      "mode": "data",
      "type": "github_team",
      "name": "tech_team",
      "provider": "provider.github",
      "instances": [
        {
          "schema_version": 0,
          "attributes": {
            "description": "Verify Tech Team",
            "id": "2830432",
            "members": [
              "idrop",
              "galund",
              "issyl0",
              "mrwilson",
              "philandstuff",
              "chrisholmes",
              "Krenair",
              "thomasalanlee",
              "mmhmm",
              "tlwr",
              "kerrr",
              "instantiator",
              "zilnhoj",
              "Todai88",
              "robinmitra",
              "brenetic",
              "nacnudus",
              "CharlesIC",
              "jkunle",
              "sakisv",
              "stephengrier",
              "ronocg",
              "Rosa-Fox",
              "AnneCarr",
              "ida-build-bot",
              "chrisclayson",
              "smford",
              "blairboy362",
              "Wynndow",
              "andy-paine"
            ],
            "name": "verify-tech-team",
            "permission": "pull",
            "privacy": "closed",
            "slug": "verify-tech-team"
          }
        }
      ]
    },
    {
      "module": "module.user_tomrosier",
      "mode": "data",
      "type": "github_team",
      "name": "tech_team",
      "provider": "provider.github",
      "instances": [
        {
          "schema_version": 0,
          "attributes": {
            "description": "Verify Tech Team",
            "id": "2830432",
            "members": [
              "idrop",
              "galund",
              "issyl0",
              "mrwilson",
              "philandstuff",
              "chrisholmes",
              "Krenair",
              "thomasalanlee",
              "mmhmm",
              "tlwr",
              "kerrr",
              "instantiator",
              "zilnhoj",
              "Todai88",
              "robinmitra",
              "brenetic",
              "nacnudus",
              "CharlesIC",
              "jkunle",
              "sakisv",
              "stephengrier",
              "ronocg",
              "Rosa-Fox",
              "AnneCarr",
              "ida-build-bot",
              "chrisclayson",
              "smford",
              "blairboy362",
              "Wynndow",
              "andy-paine"
            ],
            "name": "verify-tech-team",
            "permission": "pull",
            "privacy": "closed",
            "slug": "verify-tech-team"
          }
        }
      ]
    },
    {
      "module": "module.user_rosa_fox",
      "mode": "data",
      "type": "github_team",
      "name": "tech_team",
      "provider": "provider.github",
      "instances": [
        {
          "schema_version": 0,
          "attributes": {
            "description": "Verify Tech Team",
            "id": "2830432",
            "members": [
              "idrop",
              "galund",
              "issyl0",
              "mrwilson",
              "philandstuff",
              "chrisholmes",
              "Krenair",
              "thomasalanlee",
              "mmhmm",
              "tlwr",
              "kerrr",
              "instantiator",
              "zilnhoj",
              "Todai88",
              "robinmitra",
              "brenetic",
              "nacnudus",
              "CharlesIC",
              "jkunle",
              "sakisv",
              "stephengrier",
              "ronocg",
              "Rosa-Fox",
              "AnneCarr",
              "ida-build-bot",
              "chrisclayson",
              "smford",
              "blairboy362",
              "Wynndow",
              "andy-paine"
            ],
            "name": "verify-tech-team",
            "permission": "pull",
            "privacy": "closed",
            "slug": "verify-tech-team"
          }
        }
      ]
    },
    {
      "module": "module.user_jhjava",
      "mode": "data",
      "type": "github_team",
      "name": "tech_team",
      "provider": "provider.github",
      "instances": [
        {
          "schema_version": 0,
          "attributes": {
            "description": "Verify Tech Team",
            "id": "2830432",
            "members": [
              "idrop",
              "galund",
              "issyl0",
              "mrwilson",
              "philandstuff",
              "chrisholmes",
              "Krenair",
              "thomasalanlee",
              "mmhmm",
              "tlwr",
              "kerrr",
              "instantiator",
              "zilnhoj",
              "Todai88",
              "robinmitra",
              "brenetic",
              "nacnudus",
              "CharlesIC",
              "jkunle",
              "sakisv",
              "stephengrier",
              "ronocg",
              "Rosa-Fox",
              "AnneCarr",
              "ida-build-bot",
              "chrisclayson",
              "smford",
              "blairboy362",
              "Wynndow",
              "andy-paine"
            ],
            "name": "verify-tech-team",
            "permission": "pull",
            "privacy": "closed",
            "slug": "verify-tech-team"
          }
        }
      ]
    },
    {
      "module": "module.user_sistephens",
      "mode": "data",
      "type": "github_team",
      "name": "tech_team",
      "provider": "provider.github",
      "instances": [
        {
          "schema_version": 0,
          "attributes": {
            "description": "Verify Tech Team",
            "id": "2830432",
            "members": [
              "idrop",
              "galund",
              "issyl0",
              "mrwilson",
              "philandstuff",
              "chrisholmes",
              "Krenair",
              "thomasalanlee",
              "mmhmm",
              "tlwr",
              "kerrr",
              "instantiator",
              "zilnhoj",
              "Todai88",
              "robinmitra",
              "brenetic",
              "nacnudus",
              "CharlesIC",
              "jkunle",
              "sakisv",
              "stephengrier",
              "ronocg",
              "Rosa-Fox",
              "AnneCarr",
              "ida-build-bot",
              "chrisclayson",
              "smford",
              "blairboy362",
              "Wynndow",
              "andy-paine"
            ],
            "name": "verify-tech-team",
            "permission": "pull",
            "privacy": "closed",
            "slug": "verify-tech-team"
          }
        }
      ]
    },
    {
      "module": "module.user_racinghippo",
      "mode": "data",
      "type": "github_team",
      "name": "tech_team",
      "provider": "provider.github",
      "instances": [
        {
          "schema_version": 0,
          "attributes": {
            "description": "Verify Tech Team",
            "id": "2830432",
            "members": [
              "idrop",
              "galund",
              "issyl0",
              "mrwilson",
              "philandstuff",
              "chrisholmes",
              "Krenair",
              "thomasalanlee",
              "mmhmm",
              "tlwr",
              "kerrr",
              "instantiator",
              "zilnhoj",
              "Todai88",
              "robinmitra",
              "brenetic",
              "nacnudus",
              "CharlesIC",
              "jkunle",
              "sakisv",
              "stephengrier",
              "ronocg",
              "Rosa-Fox",
              "AnneCarr",
              "ida-build-bot",
              "chrisclayson",
              "smford",
              "blairboy362",
              "Wynndow",
              "andy-paine"
            ],
            "name": "verify-tech-team",
            "permission": "pull",
            "privacy": "closed",
            "slug": "verify-tech-team"
          }
        }
      ]
    },
    {
      "module": "module.user_mariaslo",
      "mode": "data",
      "type": "github_team",
      "name": "tech_team",
      "provider": "provider.github",
      "instances": [
        {
          "schema_version": 0,
          "attributes": {
            "description": "Verify Tech Team",
            "id": "2830432",
            "members": [
              "idrop",
              "galund",
              "issyl0",
              "mrwilson",
              "philandstuff",
              "chrisholmes",
              "Krenair",
              "thomasalanlee",
              "mmhmm",
              "tlwr",
              "kerrr",
              "instantiator",
              "zilnhoj",
              "Todai88",
              "robinmitra",
              "brenetic",
              "nacnudus",
              "CharlesIC",
              "jkunle",
              "sakisv",
              "stephengrier",
              "ronocg",
              "Rosa-Fox",
              "AnneCarr",
              "ida-build-bot",
              "chrisclayson",
              "smford",
              "blairboy362",
              "Wynndow",
              "andy-paine"
            ],
            "name": "verify-tech-team",
            "permission": "pull",
            "privacy": "closed",
            "slug": "verify-tech-team"
          }
        }
      ]
    },
    {
      "module": "module.user_johnwattsgds",
      "mode": "data",
      "type": "github_team",
      "name": "tech_team",
      "provider": "provider.github",
      "instances": [
        {
          "schema_version": 0,
          "attributes": {
            "description": "Verify Tech Team",
            "id": "2830432",
            "members": [
              "idrop",
              "galund",
              "issyl0",
              "mrwilson",
              "philandstuff",
              "chrisholmes",
              "Krenair",
              "thomasalanlee",
              "mmhmm",
              "tlwr",
              "kerrr",
              "instantiator",
              "zilnhoj",
              "Todai88",
              "robinmitra",
              "brenetic",
              "nacnudus",
              "CharlesIC",
              "jkunle",
              "sakisv",
              "stephengrier",
              "ronocg",
              "Rosa-Fox",
              "AnneCarr",
              "ida-build-bot",
              "chrisclayson",
              "smford",
              "blairboy362",
              "Wynndow",
              "andy-paine"
            ],
            "name": "verify-tech-team",
            "permission": "pull",
            "privacy": "closed",
            "slug": "verify-tech-team"
          }
        }
      ]
    },
    {
      "module": "module.user_jstandring_gds",
      "mode": "data",
      "type": "github_team",
      "name": "tech_team",
      "provider": "provider.github",
      "instances": [
        {
          "schema_version": 0,
          "attributes": {
            "description": "Verify Tech Team",
            "id": "2830432",
            "members": [
              "idrop",
              "galund",
              "issyl0",
              "mrwilson",
              "philandstuff",
              "chrisholmes",
              "Krenair",
              "thomasalanlee",
              "mmhmm",
              "tlwr",
              "kerrr",
              "instantiator",
              "zilnhoj",
              "Todai88",
              "robinmitra",
              "brenetic",
              "nacnudus",
              "CharlesIC",
              "jkunle",
              "sakisv",
              "stephengrier",
              "ronocg",
              "Rosa-Fox",
              "AnneCarr",
              "ida-build-bot",
              "chrisclayson",
              "smford",
              "blairboy362",
              "Wynndow",
              "andy-paine"
            ],
            "name": "verify-tech-team",
            "permission": "pull",
            "privacy": "closed",
            "slug": "verify-tech-team"
          }
        }
      ]
    },
    {
      "module": "module.user_sarahdean",
      "mode": "data",
      "type": "github_team",
      "name": "tech_team",
      "provider": "provider.github",
      "instances": [
        {
          "schema_version": 0,
          "attributes": {
            "description": "Verify Tech Team",
            "id": "2830432",
            "members": [
              "idrop",
              "galund",
              "issyl0",
              "mrwilson",
              "philandstuff",
              "chrisholmes",
              "Krenair",
              "thomasalanlee",
              "mmhmm",
              "tlwr",
              "kerrr",
              "instantiator",
              "zilnhoj",
              "Todai88",
              "robinmitra",
              "brenetic",
              "nacnudus",
              "CharlesIC",
              "jkunle",
              "sakisv",
              "stephengrier",
              "ronocg",
              "Rosa-Fox",
              "AnneCarr",
              "ida-build-bot",
              "chrisclayson",
              "smford",
              "blairboy362",
              "Wynndow",
              "andy-paine"
            ],
            "name": "verify-tech-team",
            "permission": "pull",
            "privacy": "closed",
            "slug": "verify-tech-team"
          }
        }
      ]
    },
    {
      "module": "module.user_annecarr",
      "mode": "data",
      "type": "github_team",
      "name": "tech_team",
      "provider": "provider.github",
      "instances": [
        {
          "schema_version": 0,
          "attributes": {
            "description": "Verify Tech Team",
            "id": "2830432",
            "members": [
              "idrop",
              "galund",
              "issyl0",
              "mrwilson",
              "philandstuff",
              "chrisholmes",
              "Krenair",
              "thomasalanlee",
              "mmhmm",
              "tlwr",
              "kerrr",
              "instantiator",
              "zilnhoj",
              "Todai88",
              "robinmitra",
              "brenetic",
              "nacnudus",
              "CharlesIC",
              "jkunle",
              "sakisv",
              "stephengrier",
              "ronocg",
              "Rosa-Fox",
              "AnneCarr",
              "ida-build-bot",
              "chrisclayson",
              "smford",
              "blairboy362",
              "Wynndow",
              "andy-paine"
            ],
            "name": "verify-tech-team",
            "permission": "pull",
            "privacy": "closed",
            "slug": "verify-tech-team"
          }
        }
      ]
    },
    {
      "module": "module.user_amritsidhu",
      "mode": "data",
      "type": "github_team",
      "name": "tech_team",
      "provider": "provider.github",
      "instances": [
        {
          "schema_version": 0,
          "attributes": {
            "description": "Verify Tech Team",
            "id": "2830432",
            "members": [
              "idrop",
              "galund",
              "issyl0",
              "mrwilson",
              "philandstuff",
              "chrisholmes",
              "Krenair",
              "thomasalanlee",
              "mmhmm",
              "tlwr",
              "kerrr",
              "instantiator",
              "zilnhoj",
              "Todai88",
              "robinmitra",
              "brenetic",
              "nacnudus",
              "CharlesIC",
              "jkunle",
              "sakisv",
              "stephengrier",
              "ronocg",
              "Rosa-Fox",
              "AnneCarr",
              "ida-build-bot",
              "chrisclayson",
              "smford",
              "blairboy362",
              "Wynndow",
              "andy-paine"
            ],
            "name": "verify-tech-team",
            "permission": "pull",
            "privacy": "closed",
            "slug": "verify-tech-team"
          }
        }
      ]
    },
    {
      "module": "module.user_jkunle",
      "mode": "data",
      "type": "github_team",
      "name": "tech_team",
      "provider": "provider.github",
      "instances": [
        {
          "schema_version": 0,
          "attributes": {
            "description": "Verify Tech Team",
            "id": "2830432",
            "members": [
              "idrop",
              "galund",
              "issyl0",
              "mrwilson",
              "philandstuff",
              "chrisholmes",
              "Krenair",
              "thomasalanlee",
              "mmhmm",
              "tlwr",
              "kerrr",
              "instantiator",
              "zilnhoj",
              "Todai88",
              "robinmitra",
              "brenetic",
              "nacnudus",
              "CharlesIC",
              "jkunle",
              "sakisv",
              "stephengrier",
              "ronocg",
              "Rosa-Fox",
              "AnneCarr",
              "ida-build-bot",
              "chrisclayson",
              "smford",
              "blairboy362",
              "Wynndow",
              "andy-paine"
            ],
            "name": "verify-tech-team",
            "permission": "pull",
            "privacy": "closed",
            "slug": "verify-tech-team"
          }
        }
      ]
    },
    {
      "module": "module.user_michaelabenyohai",
      "mode": "data",
      "type": "github_team",
      "name": "tech_team",
      "provider": "provider.github",
      "instances": [
        {
          "schema_version": 0,
          "attributes": {
            "description": "Verify Tech Team",
            "id": "2830432",
            "members": [
              "idrop",
              "galund",
              "issyl0",
              "mrwilson",
              "philandstuff",
              "chrisholmes",
              "Krenair",
              "thomasalanlee",
              "mmhmm",
              "tlwr",
              "kerrr",
              "instantiator",
              "zilnhoj",
              "Todai88",
              "robinmitra",
              "brenetic",
              "nacnudus",
              "CharlesIC",
              "jkunle",
              "sakisv",
              "stephengrier",
              "ronocg",
              "Rosa-Fox",
              "AnneCarr",
              "ida-build-bot",
              "chrisclayson",
              "smford",
              "blairboy362",
              "Wynndow",
              "andy-paine"
            ],
            "name": "verify-tech-team",
            "permission": "pull",
            "privacy": "closed",
            "slug": "verify-tech-team"
          }
        }
      ]
    },
    {
      "module": "module.user_kerrr",
      "mode": "data",
      "type": "github_team",
      "name": "tech_team",
      "provider": "provider.github",
      "instances": [
        {
          "schema_version": 0,
          "attributes": {
            "description": "Verify Tech Team",
            "id": "2830432",
            "members": [
              "idrop",
              "galund",
              "issyl0",
              "mrwilson",
              "philandstuff",
              "chrisholmes",
              "Krenair",
              "thomasalanlee",
              "mmhmm",
              "tlwr",
              "kerrr",
              "instantiator",
              "zilnhoj",
              "Todai88",
              "robinmitra",
              "brenetic",
              "nacnudus",
              "CharlesIC",
              "jkunle",
              "sakisv",
              "stephengrier",
              "ronocg",
              "Rosa-Fox",
              "AnneCarr",
              "ida-build-bot",
              "chrisclayson",
              "smford",
              "blairboy362",
              "Wynndow",
              "andy-paine"
            ],
            "name": "verify-tech-team",
            "permission": "pull",
            "privacy": "closed",
            "slug": "verify-tech-team"
          }
        }
      ]
    },
    {
      "module": "module.user_benjamin_mortimer",
      "mode": "data",
      "type": "github_team",
      "name": "tech_team",
      "provider": "provider.github",
      "instances": [
        {
          "schema_version": 0,
          "attributes": {
            "description": "Verify Tech Team",
            "id": "2830432",
            "members": [
              "idrop",
              "galund",
              "issyl0",
              "mrwilson",
              "philandstuff",
              "chrisholmes",
              "Krenair",
              "thomasalanlee",
              "mmhmm",
              "tlwr",
              "kerrr",
              "instantiator",
              "zilnhoj",
              "Todai88",
              "robinmitra",
              "brenetic",
              "nacnudus",
              "CharlesIC",
              "jkunle",
              "sakisv",
              "stephengrier",
              "ronocg",
              "Rosa-Fox",
              "AnneCarr",
              "ida-build-bot",
              "chrisclayson",
              "smford",
              "blairboy362",
              "Wynndow",
              "andy-paine"
            ],
            "name": "verify-tech-team",
            "permission": "pull",
            "privacy": "closed",
            "slug": "verify-tech-team"
          }
        }
      ]
    },
    {
      "module": "module.user_chrisclayson",
      "mode": "data",
      "type": "github_team",
      "name": "tech_team",
      "provider": "provider.github",
      "instances": [
        {
          "schema_version": 0,
          "attributes": {
            "description": "Verify Tech Team",
            "id": "2830432",
            "members": [
              "idrop",
              "galund",
              "issyl0",
              "mrwilson",
              "philandstuff",
              "chrisholmes",
              "Krenair",
              "thomasalanlee",
              "mmhmm",
              "tlwr",
              "kerrr",
              "instantiator",
              "zilnhoj",
              "Todai88",
              "robinmitra",
              "brenetic",
              "nacnudus",
              "CharlesIC",
              "jkunle",
              "sakisv",
              "stephengrier",
              "ronocg",
              "Rosa-Fox",
              "AnneCarr",
              "ida-build-bot",
              "chrisclayson",
              "smford",
              "blairboy362",
              "Wynndow",
              "andy-paine"
            ],
            "name": "verify-tech-team",
            "permission": "pull",
            "privacy": "closed",
            "slug": "verify-tech-team"
          }
        }
      ]
    },
    {
      "module": "module.user_mrwilson",
      "mode": "data",
      "type": "github_team",
      "name": "tech_team",
      "provider": "provider.github",
      "instances": [
        {
          "schema_version": 0,
          "attributes": {
            "description": "Verify Tech Team",
            "id": "2830432",
            "members": [
              "idrop",
              "galund",
              "issyl0",
              "mrwilson",
              "philandstuff",
              "chrisholmes",
              "Krenair",
              "thomasalanlee",
              "mmhmm",
              "tlwr",
              "kerrr",
              "instantiator",
              "zilnhoj",
              "Todai88",
              "robinmitra",
              "brenetic",
              "nacnudus",
              "CharlesIC",
              "jkunle",
              "sakisv",
              "stephengrier",
              "ronocg",
              "Rosa-Fox",
              "AnneCarr",
              "ida-build-bot",
              "chrisclayson",
              "smford",
              "blairboy362",
              "Wynndow",
              "andy-paine"
            ],
            "name": "verify-tech-team",
            "permission": "pull",
            "privacy": "closed",
            "slug": "verify-tech-team"
          }
        }
      ]
    },
    {
      "module": "module.user_szd55gds",
      "mode": "data",
      "type": "github_team",
      "name": "tech_team",
      "provider": "provider.github",
      "instances": [
        {
          "schema_version": 0,
          "attributes": {
            "description": "Verify Tech Team",
            "id": "2830432",
            "members": [
              "idrop",
              "galund",
              "issyl0",
              "mrwilson",
              "philandstuff",
              "chrisholmes",
              "Krenair",
              "thomasalanlee",
              "mmhmm",
              "tlwr",
              "kerrr",
              "instantiator",
              "zilnhoj",
              "Todai88",
              "robinmitra",
              "brenetic",
              "nacnudus",
              "CharlesIC",
              "jkunle",
              "sakisv",
              "stephengrier",
              "ronocg",
              "Rosa-Fox",
              "AnneCarr",
              "ida-build-bot",
              "chrisclayson",
              "smford",
              "blairboy362",
              "Wynndow",
              "andy-paine"
            ],
            "name": "verify-tech-team",
            "permission": "pull",
            "privacy": "closed",
            "slug": "verify-tech-team"
          }
        }
      ]
    },
    {
      "module": "module.user_blairboy362",
      "mode": "data",
      "type": "github_team",
      "name": "tech_team",
      "provider": "provider.github",
      "instances": [
        {
          "schema_version": 0,
          "attributes": {
            "description": "Verify Tech Team",
            "id": "2830432",
            "members": [
              "idrop",
              "galund",
              "issyl0",
              "mrwilson",
              "philandstuff",
              "chrisholmes",
              "Krenair",
              "thomasalanlee",
              "mmhmm",
              "tlwr",
              "kerrr",
              "instantiator",
              "zilnhoj",
              "Todai88",
              "robinmitra",
              "brenetic",
              "nacnudus",
              "CharlesIC",
              "jkunle",
              "sakisv",
              "stephengrier",
              "ronocg",
              "Rosa-Fox",
              "AnneCarr",
              "ida-build-bot",
              "chrisclayson",
              "smford",
              "blairboy362",
              "Wynndow",
              "andy-paine"
            ],
            "name": "verify-tech-team",
            "permission": "pull",
            "privacy": "closed",
            "slug": "verify-tech-team"
          }
        }
      ]
    },
    {
      "module": "module.user_issyl0",
      "mode": "data",
      "type": "github_team",
      "name": "tech_team",
      "provider": "provider.github",
      "instances": [
        {
          "schema_version": 0,
          "attributes": {
            "description": "Verify Tech Team",
            "id": "2830432",
            "members": [
              "idrop",
              "galund",
              "issyl0",
              "mrwilson",
              "philandstuff",
              "chrisholmes",
              "Krenair",
              "thomasalanlee",
              "mmhmm",
              "tlwr",
              "kerrr",
              "instantiator",
              "zilnhoj",
              "Todai88",
              "robinmitra",
              "brenetic",
              "nacnudus",
              "CharlesIC",
              "jkunle",
              "sakisv",
              "stephengrier",
              "ronocg",
              "Rosa-Fox",
              "AnneCarr",
              "ida-build-bot",
              "chrisclayson",
              "smford",
              "blairboy362",
              "Wynndow",
              "andy-paine"
            ],
            "name": "verify-tech-team",
            "permission": "pull",
            "privacy": "closed",
            "slug": "verify-tech-team"
          }
        }
      ]
    },
    {
      "module": "module.user_mhussein_gds",
      "mode": "data",
      "type": "github_team",
      "name": "tech_team",
      "provider": "provider.github",
      "instances": [
        {
          "schema_version": 0,
          "attributes": {
            "description": "Verify Tech Team",
            "id": "2830432",
            "members": [
              "idrop",
              "galund",
              "issyl0",
              "mrwilson",
              "philandstuff",
              "chrisholmes",
              "Krenair",
              "thomasalanlee",
              "mmhmm",
              "tlwr",
              "kerrr",
              "instantiator",
              "zilnhoj",
              "Todai88",
              "robinmitra",
              "brenetic",
              "nacnudus",
              "CharlesIC",
              "jkunle",
              "sakisv",
              "stephengrier",
              "ronocg",
              "Rosa-Fox",
              "AnneCarr",
              "ida-build-bot",
              "chrisclayson",
              "smford",
              "blairboy362",
              "Wynndow",
              "andy-paine"
            ],
            "name": "verify-tech-team",
            "permission": "pull",
            "privacy": "closed",
            "slug": "verify-tech-team"
          }
        }
      ]
    },
    {
      "module": "module.user_galund",
      "mode": "data",
      "type": "github_team",
      "name": "tech_team",
      "provider": "provider.github",
      "instances": [
        {
          "schema_version": 0,
          "attributes": {
            "description": "Verify Tech Team",
            "id": "2830432",
            "members": [
              "idrop",
              "galund",
              "issyl0",
              "mrwilson",
              "philandstuff",
              "chrisholmes",
              "Krenair",
              "thomasalanlee",
              "mmhmm",
              "tlwr",
              "kerrr",
              "instantiator",
              "zilnhoj",
              "Todai88",
              "robinmitra",
              "brenetic",
              "nacnudus",
              "CharlesIC",
              "jkunle",
              "sakisv",
              "stephengrier",
              "ronocg",
              "Rosa-Fox",
              "AnneCarr",
              "ida-build-bot",
              "chrisclayson",
              "smford",
              "blairboy362",
              "Wynndow",
              "andy-paine"
            ],
            "name": "verify-tech-team",
            "permission": "pull",
            "privacy": "closed",
            "slug": "verify-tech-team"
          }
        }
      ]
    },
    {
      "module": "module.user_tlwr",
      "mode": "data",
      "type": "github_team",
      "name": "tech_team",
      "provider": "provider.github",
      "instances": [
        {
          "schema_version": 0,
          "attributes": {
            "description": "Verify Tech Team",
            "id": "2830432",
            "members": [
              "idrop",
              "galund",
              "issyl0",
              "mrwilson",
              "philandstuff",
              "chrisholmes",
              "Krenair",
              "thomasalanlee",
              "mmhmm",
              "tlwr",
              "kerrr",
              "instantiator",
              "zilnhoj",
              "Todai88",
              "robinmitra",
              "brenetic",
              "nacnudus",
              "CharlesIC",
              "jkunle",
              "sakisv",
              "stephengrier",
              "ronocg",
              "Rosa-Fox",
              "AnneCarr",
              "ida-build-bot",
              "chrisclayson",
              "smford",
              "blairboy362",
              "Wynndow",
              "andy-paine"
            ],
            "name": "verify-tech-team",
            "permission": "pull",
            "privacy": "closed",
            "slug": "verify-tech-team"
          }
        }
      ]
    },
    {
      "module": "module.user_andy_paine",
      "mode": "data",
      "type": "github_team",
      "name": "tech_team",
      "provider": "provider.github",
      "instances": [
        {
          "schema_version": 0,
          "attributes": {
            "description": "Verify Tech Team",
            "id": "2830432",
            "members": [
              "idrop",
              "galund",
              "issyl0",
              "mrwilson",
              "philandstuff",
              "chrisholmes",
              "Krenair",
              "thomasalanlee",
              "mmhmm",
              "tlwr",
              "kerrr",
              "instantiator",
              "zilnhoj",
              "Todai88",
              "robinmitra",
              "brenetic",
              "nacnudus",
              "CharlesIC",
              "jkunle",
              "sakisv",
              "stephengrier",
              "ronocg",
              "Rosa-Fox",
              "AnneCarr",
              "ida-build-bot",
              "chrisclayson",
              "smford",
              "blairboy362",
              "Wynndow",
              "andy-paine"
            ],
            "name": "verify-tech-team",
            "permission": "pull",
            "privacy": "closed",
            "slug": "verify-tech-team"
          }
        }
      ]
    },
    {
      "module": "module.user_zilnhoj",
      "mode": "data",
      "type": "github_team",
      "name": "tech_team",
      "provider": "provider.github",
      "instances": [
        {
          "schema_version": 0,
          "attributes": {
            "description": "Verify Tech Team",
            "id": "2830432",
            "members": [
              "idrop",
              "galund",
              "issyl0",
              "mrwilson",
              "philandstuff",
              "chrisholmes",
              "Krenair",
              "thomasalanlee",
              "mmhmm",
              "tlwr",
              "kerrr",
              "instantiator",
              "zilnhoj",
              "Todai88",
              "robinmitra",
              "brenetic",
              "nacnudus",
              "CharlesIC",
              "jkunle",
              "sakisv",
              "stephengrier",
              "ronocg",
              "Rosa-Fox",
              "AnneCarr",
              "ida-build-bot",
              "chrisclayson",
              "smford",
              "blairboy362",
              "Wynndow",
              "andy-paine"
            ],
            "name": "verify-tech-team",
            "permission": "pull",
            "privacy": "closed",
            "slug": "verify-tech-team"
          }
        }
      ]
    },
    {
      "module": "module.user_bjgill",
      "mode": "data",
      "type": "github_team",
      "name": "tech_team",
      "provider": "provider.github",
      "instances": [
        {
          "schema_version": 0,
          "attributes": {
            "description": "Verify Tech Team",
            "id": "2830432",
            "members": [
              "idrop",
              "galund",
              "issyl0",
              "mrwilson",
              "philandstuff",
              "chrisholmes",
              "Krenair",
              "thomasalanlee",
              "mmhmm",
              "tlwr",
              "kerrr",
              "instantiator",
              "zilnhoj",
              "Todai88",
              "robinmitra",
              "brenetic",
              "nacnudus",
              "CharlesIC",
              "jkunle",
              "sakisv",
              "stephengrier",
              "ronocg",
              "Rosa-Fox",
              "AnneCarr",
              "ida-build-bot",
              "chrisclayson",
              "smford",
              "blairboy362",
              "Wynndow",
              "andy-paine"
            ],
            "name": "verify-tech-team",
            "permission": "pull",
            "privacy": "closed",
            "slug": "verify-tech-team"
          }
        }
      ]
    },
    {
      "module": "module.user_alexandergeegds",
      "mode": "data",
      "type": "github_team",
      "name": "tech_team",
      "provider": "provider.github",
      "instances": [
        {
          "schema_version": 0,
          "attributes": {
            "description": "Verify Tech Team",
            "id": "2830432",
            "members": [
              "idrop",
              "galund",
              "issyl0",
              "mrwilson",
              "philandstuff",
              "chrisholmes",
              "Krenair",
              "thomasalanlee",
              "mmhmm",
              "tlwr",
              "kerrr",
              "instantiator",
              "zilnhoj",
              "Todai88",
              "robinmitra",
              "brenetic",
              "nacnudus",
              "CharlesIC",
              "jkunle",
              "sakisv",
              "stephengrier",
              "ronocg",
              "Rosa-Fox",
              "AnneCarr",
              "ida-build-bot",
              "chrisclayson",
              "smford",
              "blairboy362",
              "Wynndow",
              "andy-paine"
            ],
            "name": "verify-tech-team",
            "permission": "pull",
            "privacy": "closed",
            "slug": "verify-tech-team"
          }
        }
      ]
    },
    {
      "module": "module.user_rhowe_gds",
      "mode": "data",
      "type": "github_team",
      "name": "tech_team",
      "provider": "provider.github",
      "instances": [
        {
          "schema_version": 0,
          "attributes": {
            "description": "Verify Tech Team",
            "id": "2830432",
            "members": [
              "idrop",
              "galund",
              "issyl0",
              "mrwilson",
              "philandstuff",
              "chrisholmes",
              "Krenair",
              "thomasalanlee",
              "mmhmm",
              "tlwr",
              "kerrr",
              "instantiator",
              "zilnhoj",
              "Todai88",
              "robinmitra",
              "brenetic",
              "nacnudus",
              "CharlesIC",
              "jkunle",
              "sakisv",
              "stephengrier",
              "ronocg",
              "Rosa-Fox",
              "AnneCarr",
              "ida-build-bot",
              "chrisclayson",
              "smford",
              "blairboy362",
              "Wynndow",
              "andy-paine"
            ],
            "name": "verify-tech-team",
            "permission": "pull",
            "privacy": "closed",
            "slug": "verify-tech-team"
          }
        }
      ]
    },
    {
      "module": "module.user_alan_gds",
      "mode": "data",
      "type": "github_team",
      "name": "tech_team",
      "provider": "provider.github",
      "instances": [
        {
          "schema_version": 0,
          "attributes": {
            "description": "Verify Tech Team",
            "id": "2830432",
            "members": [
              "idrop",
              "galund",
              "issyl0",
              "mrwilson",
              "philandstuff",
              "chrisholmes",
              "Krenair",
              "thomasalanlee",
              "mmhmm",
              "tlwr",
              "kerrr",
              "instantiator",
              "zilnhoj",
              "Todai88",
              "robinmitra",
              "brenetic",
              "nacnudus",
              "CharlesIC",
              "jkunle",
              "sakisv",
              "stephengrier",
              "ronocg",
              "Rosa-Fox",
              "AnneCarr",
              "ida-build-bot",
              "chrisclayson",
              "smford",
              "blairboy362",
              "Wynndow",
              "andy-paine"
            ],
            "name": "verify-tech-team",
            "permission": "pull",
            "privacy": "closed",
            "slug": "verify-tech-team"
          }
        }
      ]
    },
    {
      "module": "module.user_nacnudus",
      "mode": "data",
      "type": "github_team",
      "name": "tech_team",
      "provider": "provider.github",
      "instances": [
        {
          "schema_version": 0,
          "attributes": {
            "description": "Verify Tech Team",
            "id": "2830432",
            "members": [
              "idrop",
              "galund",
              "issyl0",
              "mrwilson",
              "philandstuff",
              "chrisholmes",
              "Krenair",
              "thomasalanlee",
              "mmhmm",
              "tlwr",
              "kerrr",
              "instantiator",
              "zilnhoj",
              "Todai88",
              "robinmitra",
              "brenetic",
              "nacnudus",
              "CharlesIC",
              "jkunle",
              "sakisv",
              "stephengrier",
              "ronocg",
              "Rosa-Fox",
              "AnneCarr",
              "ida-build-bot",
              "chrisclayson",
              "smford",
              "blairboy362",
              "Wynndow",
              "andy-paine"
            ],
            "name": "verify-tech-team",
            "permission": "pull",
            "privacy": "closed",
            "slug": "verify-tech-team"
          }
        }
      ]
    },
    {
      "module": "module.user_danielblair",
      "mode": "data",
      "type": "github_team",
      "name": "tech_team",
      "provider": "provider.github",
      "instances": [
        {
          "schema_version": 0,
          "attributes": {
            "description": "Verify Tech Team",
            "id": "2830432",
            "members": [
              "idrop",
              "galund",
              "issyl0",
              "mrwilson",
              "philandstuff",
              "chrisholmes",
              "Krenair",
              "thomasalanlee",
              "mmhmm",
              "tlwr",
              "kerrr",
              "instantiator",
              "zilnhoj",
              "Todai88",
              "robinmitra",
              "brenetic",
              "nacnudus",
              "CharlesIC",
              "jkunle",
              "sakisv",
              "stephengrier",
              "ronocg",
              "Rosa-Fox",
              "AnneCarr",
              "ida-build-bot",
              "chrisclayson",
              "smford",
              "blairboy362",
              "Wynndow",
              "andy-paine"
            ],
            "name": "verify-tech-team",
            "permission": "pull",
            "privacy": "closed",
            "slug": "verify-tech-team"
          }
        }
      ]
    },
    {
      "module": "module.user_charlesic",
      "mode": "data",
      "type": "github_team",
      "name": "tech_team",
      "provider": "provider.github",
      "instances": [
        {
          "schema_version": 0,
          "attributes": {
            "description": "Verify Tech Team",
            "id": "2830432",
            "members": [
              "idrop",
              "galund",
              "issyl0",
              "mrwilson",
              "philandstuff",
              "chrisholmes",
              "Krenair",
              "thomasalanlee",
              "mmhmm",
              "tlwr",
              "kerrr",
              "instantiator",
              "zilnhoj",
              "Todai88",
              "robinmitra",
              "brenetic",
              "nacnudus",
              "CharlesIC",
              "jkunle",
              "sakisv",
              "stephengrier",
              "ronocg",
              "Rosa-Fox",
              "AnneCarr",
              "ida-build-bot",
              "chrisclayson",
              "smford",
              "blairboy362",
              "Wynndow",
              "andy-paine"
            ],
            "name": "verify-tech-team",
            "permission": "pull",
            "privacy": "closed",
            "slug": "verify-tech-team"
          }
        }
      ]
    },
    {
      "module": "module.user_philandstuff",
      "mode": "data",
      "type": "github_team",
      "name": "tech_team",
      "provider": "provider.github",
      "instances": [
        {
          "schema_version": 0,
          "attributes": {
            "description": "Verify Tech Team",
            "id": "2830432",
            "members": [
              "idrop",
              "galund",
              "issyl0",
              "mrwilson",
              "philandstuff",
              "chrisholmes",
              "Krenair",
              "thomasalanlee",
              "mmhmm",
              "tlwr",
              "kerrr",
              "instantiator",
              "zilnhoj",
              "Todai88",
              "robinmitra",
              "brenetic",
              "nacnudus",
              "CharlesIC",
              "jkunle",
              "sakisv",
              "stephengrier",
              "ronocg",
              "Rosa-Fox",
              "AnneCarr",
              "ida-build-bot",
              "chrisclayson",
              "smford",
              "blairboy362",
              "Wynndow",
              "andy-paine"
            ],
            "name": "verify-tech-team",
            "permission": "pull",
            "privacy": "closed",
            "slug": "verify-tech-team"
          }
        }
      ]
    },
    {
      "module": "module.user_jakubmiarka",
      "mode": "data",
      "type": "github_team",
      "name": "tech_team",
      "provider": "provider.github",
      "instances": [
        {
          "schema_version": 0,
          "attributes": {
            "description": "Verify Tech Team",
            "id": "2830432",
            "members": [
              "idrop",
              "galund",
              "issyl0",
              "mrwilson",
              "philandstuff",
              "chrisholmes",
              "Krenair",
              "thomasalanlee",
              "mmhmm",
              "tlwr",
              "kerrr",
              "instantiator",
              "zilnhoj",
              "Todai88",
              "robinmitra",
              "brenetic",
              "nacnudus",
              "CharlesIC",
              "jkunle",
              "sakisv",
              "stephengrier",
              "ronocg",
              "Rosa-Fox",
              "AnneCarr",
              "ida-build-bot",
              "chrisclayson",
              "smford",
              "blairboy362",
              "Wynndow",
              "andy-paine"
            ],
            "name": "verify-tech-team",
            "permission": "pull",
            "privacy": "closed",
            "slug": "verify-tech-team"
          }
        }
      ]
    },
    {
      "module": "module.user_j_maynard",
      "mode": "data",
      "type": "github_team",
      "name": "tech_team",
      "provider": "provider.github",
      "instances": [
        {
          "schema_version": 0,
          "attributes": {
            "description": "Verify Tech Team",
            "id": "2830432",
            "members": [
              "idrop",
              "galund",
              "issyl0",
              "mrwilson",
              "philandstuff",
              "chrisholmes",
              "Krenair",
              "thomasalanlee",
              "mmhmm",
              "tlwr",
              "kerrr",
              "instantiator",
              "zilnhoj",
              "Todai88",
              "robinmitra",
              "brenetic",
              "nacnudus",
              "CharlesIC",
              "jkunle",
              "sakisv",
              "stephengrier",
              "ronocg",
              "Rosa-Fox",
              "AnneCarr",
              "ida-build-bot",
              "chrisclayson",
              "smford",
              "blairboy362",
              "Wynndow",
              "andy-paine"
            ],
            "name": "verify-tech-team",
            "permission": "pull",
            "privacy": "closed",
            "slug": "verify-tech-team"
          }
        }
      ]
    },
    {
      "module": "module.user_brenetic",
      "mode": "data",
      "type": "github_team",
      "name": "tech_team",
      "provider": "provider.github",
      "instances": [
        {
          "schema_version": 0,
          "attributes": {
            "description": "Verify Tech Team",
            "id": "2830432",
            "members": [
              "idrop",
              "galund",
              "issyl0",
              "mrwilson",
              "philandstuff",
              "chrisholmes",
              "Krenair",
              "thomasalanlee",
              "mmhmm",
              "tlwr",
              "kerrr",
              "instantiator",
              "zilnhoj",
              "Todai88",
              "robinmitra",
              "brenetic",
              "nacnudus",
              "CharlesIC",
              "jkunle",
              "sakisv",
              "stephengrier",
              "ronocg",
              "Rosa-Fox",
              "AnneCarr",
              "ida-build-bot",
              "chrisclayson",
              "smford",
              "blairboy362",
              "Wynndow",
              "andy-paine"
            ],
            "name": "verify-tech-team",
            "permission": "pull",
            "privacy": "closed",
            "slug": "verify-tech-team"
          }
        }
      ]
    },
    {
      "module": "module.user_bravegrape",
      "mode": "data",
      "type": "github_team",
      "name": "tech_team",
      "provider": "provider.github",
      "instances": [
        {
          "schema_version": 0,
          "attributes": {
            "description": "Verify Tech Team",
            "id": "2830432",
            "members": [
              "idrop",
              "galund",
              "issyl0",
              "mrwilson",
              "philandstuff",
              "chrisholmes",
              "Krenair",
              "thomasalanlee",
              "mmhmm",
              "tlwr",
              "kerrr",
              "instantiator",
              "zilnhoj",
              "Todai88",
              "robinmitra",
              "brenetic",
              "nacnudus",
              "CharlesIC",
              "jkunle",
              "sakisv",
              "stephengrier",
              "ronocg",
              "Rosa-Fox",
              "AnneCarr",
              "ida-build-bot",
              "chrisclayson",
              "smford",
              "blairboy362",
              "Wynndow",
              "andy-paine"
            ],
            "name": "verify-tech-team",
            "permission": "pull",
            "privacy": "closed",
            "slug": "verify-tech-team"
          }
        }
      ]
    },
    {
      "module": "module.user_ida_build_bot",
      "mode": "data",
      "type": "github_team",
      "name": "tech_team",
      "provider": "provider.github",
      "instances": [
        {
          "schema_version": 0,
          "attributes": {
            "description": "Verify Tech Team",
            "id": "2830432",
            "members": [
              "idrop",
              "galund",
              "issyl0",
              "mrwilson",
              "philandstuff",
              "chrisholmes",
              "Krenair",
              "thomasalanlee",
              "mmhmm",
              "tlwr",
              "kerrr",
              "instantiator",
              "zilnhoj",
              "Todai88",
              "robinmitra",
              "brenetic",
              "nacnudus",
              "CharlesIC",
              "jkunle",
              "sakisv",
              "stephengrier",
              "ronocg",
              "Rosa-Fox",
              "AnneCarr",
              "ida-build-bot",
              "chrisclayson",
              "smford",
              "blairboy362",
              "Wynndow",
              "andy-paine"
            ],
            "name": "verify-tech-team",
            "permission": "pull",
            "privacy": "closed",
            "slug": "verify-tech-team"
          }
        }
      ]
    },
    {
      "module": "module.user_coleni",
      "mode": "data",
      "type": "github_team",
      "name": "tech_team",
      "provider": "provider.github",
      "instances": [
        {
          "schema_version": 0,
          "attributes": {
            "description": "Verify Tech Team",
            "id": "2830432",
            "members": [
              "idrop",
              "galund",
              "issyl0",
              "mrwilson",
              "philandstuff",
              "chrisholmes",
              "Krenair",
              "thomasalanlee",
              "mmhmm",
              "tlwr",
              "kerrr",
              "instantiator",
              "zilnhoj",
              "Todai88",
              "robinmitra",
              "brenetic",
              "nacnudus",
              "CharlesIC",
              "jkunle",
              "sakisv",
              "stephengrier",
              "ronocg",
              "Rosa-Fox",
              "AnneCarr",
              "ida-build-bot",
              "chrisclayson",
              "smford",
              "blairboy362",
              "Wynndow",
              "andy-paine"
            ],
            "name": "verify-tech-team",
            "permission": "pull",
            "privacy": "closed",
            "slug": "verify-tech-team"
          }
        }
      ]
    },
    {
      "module": "module.user_robinmitra",
      "mode": "data",
      "type": "github_team",
      "name": "tech_team",
      "provider": "provider.github",
      "instances": [
        {
          "schema_version": 0,
          "attributes": {
            "description": "Verify Tech Team",
            "id": "2830432",
            "members": [
              "idrop",
              "galund",
              "issyl0",
              "mrwilson",
              "philandstuff",
              "chrisholmes",
              "Krenair",
              "thomasalanlee",
              "mmhmm",
              "tlwr",
              "kerrr",
              "instantiator",
              "zilnhoj",
              "Todai88",
              "robinmitra",
              "brenetic",
              "nacnudus",
              "CharlesIC",
              "jkunle",
              "sakisv",
              "stephengrier",
              "ronocg",
              "Rosa-Fox",
              "AnneCarr",
              "ida-build-bot",
              "chrisclayson",
              "smford",
              "blairboy362",
              "Wynndow",
              "andy-paine"
            ],
            "name": "verify-tech-team",
            "permission": "pull",
            "privacy": "closed",
            "slug": "verify-tech-team"
          }
        }
      ]
    },
    {
      "module": "module.user_chrisholmes",
      "mode": "data",
      "type": "github_team",
      "name": "tech_team",
      "provider": "provider.github",
      "instances": [
        {
          "schema_version": 0,
          "attributes": {
            "description": "Verify Tech Team",
            "id": "2830432",
            "members": [
              "idrop",
              "galund",
              "issyl0",
              "mrwilson",
              "philandstuff",
              "chrisholmes",
              "Krenair",
              "thomasalanlee",
              "mmhmm",
              "tlwr",
              "kerrr",
              "instantiator",
              "zilnhoj",
              "Todai88",
              "robinmitra",
              "brenetic",
              "nacnudus",
              "CharlesIC",
              "jkunle",
              "sakisv",
              "stephengrier",
              "ronocg",
              "Rosa-Fox",
              "AnneCarr",
              "ida-build-bot",
              "chrisclayson",
              "smford",
              "blairboy362",
              "Wynndow",
              "andy-paine"
            ],
            "name": "verify-tech-team",
            "permission": "pull",
            "privacy": "closed",
            "slug": "verify-tech-team"
          }
        }
      ]
    },
    {
      "module": "module.user_sakisv",
      "mode": "managed",
      "type": "github_team_membership",
      "name": "team_membership",
      "each": "list",
      "provider": "provider.github",
      "instances": [
        {
          "index_key": 0,
          "schema_version": 0,
          "attributes": {
            "etag": "W/\"0890472259091342941b937f6f4eab5b\"",
            "id": "2826122:sakisv",
            "role": "member",
            "team_id": "2826122",
            "username": "sakisv"
          }
        },
        {
          "index_key": 1,
          "schema_version": 0,
          "attributes": {
            "etag": "W/\"ac1928de0ee6c52cdc0a538806043f31\"",
            "id": "2826127:sakisv",
            "role": "member",
            "team_id": "2826127",
            "username": "sakisv"
          }
        }
      ]
    },
    {
      "module": "module.user_idacodacybot",
      "mode": "managed",
      "type": "github_team_membership",
      "name": "team_membership",
      "each": "list",
      "provider": "provider.github",
      "instances": [
        {
          "index_key": 0,
          "schema_version": 0,
          "attributes": {
            "etag": "W/\"39d52f5c4ff0fe65084948f58e5ee299\"",
            "id": "2826122:ida-codacy-bot",
            "role": "member",
            "team_id": "2826122",
            "username": "ida-codacy-bot"
          }
        },
        {
          "index_key": 1,
          "schema_version": 0,
          "attributes": {
            "etag": "W/\"14e6b8dd383f9cd17d1e9f265766851c\"",
            "id": "2826126:ida-codacy-bot",
            "role": "member",
            "team_id": "2826126",
            "username": "ida-codacy-bot"
          }
        }
      ]
    },
    {
      "module": "module.user_thomasalanlee",
      "mode": "managed",
      "type": "github_team_membership",
      "name": "team_membership",
      "each": "list",
      "provider": "provider.github",
      "instances": [
        {
          "index_key": 0,
          "schema_version": 0,
          "attributes": {
            "etag": "W/\"3c3a0cbdf3e5e2193505236b4f031eca\"",
            "id": "2826122:thomasalanlee",
            "role": "maintainer",
            "team_id": "2826122",
            "username": "thomasalanlee"
          }
        },
        {
          "index_key": 1,
          "schema_version": 0,
          "attributes": {
            "etag": "W/\"161c92641efa432c95246ae7ebe6205c\"",
            "id": "2826126:thomasalanlee",
            "role": "maintainer",
            "team_id": "2826126",
            "username": "thomasalanlee"
          }
        },
        {
          "index_key": 2,
          "schema_version": 0,
          "attributes": {
            "etag": "W/\"d3b6caf4619db70a775eb650adb3f79e\"",
            "id": "2826127:thomasalanlee",
            "role": "maintainer",
            "team_id": "2826127",
            "username": "thomasalanlee"
          }
        }
      ]
    },
    {
      "module": "module.user_chris_wynne",
      "mode": "managed",
      "type": "github_team_membership",
      "name": "team_membership",
      "each": "list",
      "provider": "provider.github",
      "instances": [
        {
          "index_key": 0,
          "schema_version": 0,
          "attributes": {
            "etag": "W/\"d06a59d42918ac3ce69a5b26668f752b\"",
            "id": "2826122:Wynndow",
            "role": "member",
            "team_id": "2826122",
            "username": "Wynndow"
          }
        },
        {
          "index_key": 1,
          "schema_version": 0,
          "attributes": {
            "etag": "W/\"42ac1053a00b7a135c8ef6ea2ba2467d\"",
            "id": "2826126:Wynndow",
            "role": "member",
            "team_id": "2826126",
            "username": "Wynndow"
          }
        }
      ]
    },
    {
      "module": "module.user_todai88",
      "mode": "managed",
      "type": "github_team_membership",
      "name": "team_membership",
      "each": "list",
      "provider": "provider.github",
      "instances": [
        {
          "index_key": 0,
          "schema_version": 0,
          "attributes": {
            "etag": "W/\"fbd5cecad6e9262efc6592abf4bbd360\"",
            "id": "2826122:todai88",
            "role": "member",
            "team_id": "2826122",
            "username": "Todai88"
          }
        }
      ]
    },
    {
      "module": "module.user_instantiator",
      "mode": "managed",
      "type": "github_team_membership",
      "name": "team_membership",
      "each": "list",
      "provider": "provider.github",
      "instances": [
        {
          "index_key": 0,
          "schema_version": 0,
          "attributes": {
            "etag": "W/\"eed41353947f369c1d11c905a117aaa4\"",
            "id": "2826122:instantiator",
            "role": "member",
            "team_id": "2826122",
            "username": "instantiator"
          }
        },
        {
          "index_key": 1,
          "schema_version": 0,
          "attributes": {
            "etag": "W/\"8b4f47d9d129aa9df211d03a3eced207\"",
            "id": "2826126:instantiator",
            "role": "member",
            "team_id": "2826126",
            "username": "instantiator"
          }
        }
      ]
    },
    {
      "module": "module.user_gdsnewt",
      "mode": "managed",
      "type": "github_team_membership",
      "name": "team_membership",
      "each": "list",
      "provider": "provider.github",
      "instances": [
        {
          "index_key": 0,
          "schema_version": 0,
          "attributes": {
            "etag": "W/\"21ff773e37dc424e22e50f2351ec79c3\"",
            "id": "2826122:GDSNewt",
            "role": "member",
            "team_id": "2826122",
            "username": "GDSNewt"
          }
        }
      ]
    },
    {
      "module": "module.user_alex_monk",
      "mode": "managed",
      "type": "github_team_membership",
      "name": "team_membership",
      "each": "list",
      "provider": "provider.github",
      "instances": [
        {
          "index_key": 0,
          "schema_version": 0,
          "attributes": {
            "etag": "W/\"51491a21669f874178143eba33d359bc\"",
            "id": "2826122:Krenair",
            "role": "member",
            "team_id": "2826122",
            "username": "Krenair"
          }
        },
        {
          "index_key": 1,
          "schema_version": 0,
          "attributes": {
            "etag": "W/\"b07f863e3b8c66bd3f27edb36f69f44a\"",
            "id": "2826127:Krenair",
            "role": "member",
            "team_id": "2826127",
            "username": "Krenair"
          }
        }
      ]
    },
    {
      "module": "module.user_adityapahuja",
      "mode": "managed",
      "type": "github_team_membership",
      "name": "team_membership",
      "each": "list",
      "provider": "provider.github",
      "instances": [
        {
          "index_key": 0,
          "schema_version": 0,
          "attributes": {
            "etag": "W/\"dec8151b977a224b9b000e45cd43ee81\"",
            "id": "2826122:adityapahuja",
            "role": "member",
            "team_id": "2826122",
            "username": "adityapahuja"
          }
        },
        {
          "index_key": 1,
          "schema_version": 0,
          "attributes": {
            "etag": "W/\"b3be21589389e502ca0db8ec579fb116\"",
            "id": "2826127:adityapahuja",
            "role": "member",
            "team_id": "2826127",
            "username": "adityapahuja"
          }
        }
      ]
    },
    {
      "module": "module.user_ronocg",
      "mode": "managed",
      "type": "github_team_membership",
      "name": "team_membership",
      "each": "list",
      "provider": "provider.github",
      "instances": [
        {
          "index_key": 0,
          "schema_version": 0,
          "attributes": {
            "etag": "W/\"20355f027c3274d1629b040f243ff1a5\"",
            "id": "2826122:ronocg",
            "role": "member",
            "team_id": "2826122",
            "username": "ronocg"
          }
        }
      ]
    },
    {
      "module": "module.user_dbes_gds",
      "mode": "managed",
      "type": "github_team_membership",
      "name": "team_membership",
      "each": "list",
      "provider": "provider.github",
      "instances": [
        {
          "index_key": 0,
          "schema_version": 0,
          "attributes": {
            "etag": "W/\"87adf5aaefa4cb8936eb0b23d846e9e0\"",
            "id": "2826122:dbes-gds",
            "role": "member",
            "team_id": "2826122",
            "username": "dbes-gds"
          }
        },
        {
          "index_key": 1,
          "schema_version": 0,
          "attributes": {
            "etag": "W/\"8d812955eabd5a3808f3374075b51570\"",
            "id": "2826126:dbes-gds",
            "role": "member",
            "team_id": "2826126",
            "username": "dbes-gds"
          }
        }
      ]
    },
    {
      "module": "module.user_smford",
      "mode": "managed",
      "type": "github_team_membership",
      "name": "team_membership",
      "each": "list",
      "provider": "provider.github",
      "instances": [
        {
          "index_key": 0,
          "schema_version": 0,
          "attributes": {
            "etag": "W/\"8c5a9bc4f08dec821eb5653ee1509e73\"",
            "id": "2826127:smford",
            "role": "member",
            "team_id": "2826127",
            "username": "smford"
          },
          "private": "bnVsbA=="
        }
      ]
    },
    {
      "module": "module.user_idrop",
      "mode": "managed",
      "type": "github_team_membership",
      "name": "team_membership",
      "each": "list",
      "provider": "provider.github",
      "instances": [
        {
          "index_key": 0,
          "schema_version": 0,
          "attributes": {
            "etag": "W/\"81767588e89fd13b6c51239d4bb1b7db\"",
            "id": "2826122:idrop",
            "role": "member",
            "team_id": "2826122",
            "username": "idrop"
          }
        },
        {
          "index_key": 1,
          "schema_version": 0,
          "attributes": {
            "etag": "W/\"f8248a7cf105bb3d83d38afada12bbef\"",
            "id": "2826126:idrop",
            "role": "member",
            "team_id": "2826126",
            "username": "idrop"
          }
        }
      ]
    },
    {
      "module": "module.user_tomrosier",
      "mode": "managed",
      "type": "github_team_membership",
      "name": "team_membership",
      "each": "list",
      "provider": "provider.github",
      "instances": [
        {
          "index_key": 0,
          "schema_version": 0,
          "attributes": {
            "etag": "W/\"bbb12cf893f8310ab82f46563791bd13\"",
            "id": "2826122:tomrosier",
            "role": "member",
            "team_id": "2826122",
            "username": "tomrosier"
          }
        },
        {
          "index_key": 1,
          "schema_version": 0,
          "attributes": {
            "etag": "W/\"ed14c74b52dd294c5f80ed7dfb57082f\"",
            "id": "2826126:tomrosier",
            "role": "member",
            "team_id": "2826126",
            "username": "tomrosier"
          }
        }
      ]
    },
    {
      "module": "module.user_rosa_fox",
      "mode": "managed",
      "type": "github_team_membership",
      "name": "team_membership",
      "each": "list",
      "provider": "provider.github",
      "instances": [
        {
          "index_key": 0,
          "schema_version": 0,
          "attributes": {
            "etag": "W/\"3794e21582b2c8470b6e7b64782fce06\"",
            "id": "2826122:Rosa-Fox",
            "role": "member",
            "team_id": "2826122",
            "username": "Rosa-Fox"
          }
        }
      ]
    },
    {
      "module": "module.user_jhjava",
      "mode": "managed",
      "type": "github_team_membership",
      "name": "team_membership",
      "each": "list",
      "provider": "provider.github",
      "instances": [
        {
          "index_key": 0,
          "schema_version": 0,
          "attributes": {
            "etag": "W/\"93cd6908ed42cb53b2c6d0e6910cd1e1\"",
            "id": "2826122:JHjava",
            "role": "maintainer",
            "team_id": "2826122",
            "username": "JHjava"
          }
        },
        {
          "index_key": 1,
          "schema_version": 0,
          "attributes": {
            "etag": "W/\"2a748623865bdded01175c842e820403\"",
            "id": "2826126:JHjava",
            "role": "maintainer",
            "team_id": "2826126",
            "username": "JHjava"
          }
        }
      ]
    },
    {
      "module": "module.user_sistephens",
      "mode": "managed",
      "type": "github_team_membership",
      "name": "team_membership",
      "each": "list",
      "provider": "provider.github",
      "instances": [
        {
          "index_key": 0,
          "schema_version": 0,
          "attributes": {
            "etag": "W/\"a7bc76c550d9c3b370d64aa77701ec0c\"",
            "id": "2826122:sistephens",
            "role": "member",
            "team_id": "2826122",
            "username": "sistephens"
          }
        },
        {
          "index_key": 1,
          "schema_version": 0,
          "attributes": {
            "etag": "W/\"f60da536d863062ee34ef3e374aa9623\"",
            "id": "2826126:sistephens",
            "role": "member",
            "team_id": "2826126",
            "username": "sistephens"
          }
        }
      ]
    },
    {
      "module": "module.user_racinghippo",
      "mode": "managed",
      "type": "github_team_membership",
      "name": "team_membership",
      "each": "list",
      "provider": "provider.github",
      "instances": [
        {
          "index_key": 0,
          "schema_version": 0,
          "attributes": {
            "etag": "W/\"feb6bd7cdffb21046134a1cb830eae95\"",
            "id": "2826122:RacingHippo",
            "role": "member",
            "team_id": "2826122",
            "username": "RacingHippo"
          }
        }
      ]
    },
    {
      "module": "module.user_mariaslo",
      "mode": "managed",
      "type": "github_team_membership",
      "name": "team_membership",
      "each": "list",
      "provider": "provider.github",
      "instances": [
        {
          "index_key": 0,
          "schema_version": 0,
          "attributes": {
            "etag": "W/\"32a2d86dfed3f1d0c1d2559fdd741b39\"",
            "id": "2826122:Mariaslo",
            "role": "member",
            "team_id": "2826122",
            "username": "Mariaslo"
          }
        }
      ]
    },
    {
      "module": "module.user_johnwattsgds",
      "mode": "managed",
      "type": "github_team_membership",
      "name": "team_membership",
      "each": "list",
      "provider": "provider.github",
      "instances": [
        {
          "index_key": 0,
          "schema_version": 0,
          "attributes": {
            "etag": "W/\"adfb87384e53e5a871ff552d13a5fe18\"",
            "id": "2826122:johnwattsgds",
            "role": "member",
            "team_id": "2826122",
            "username": "JohnWattsGDS"
          }
        },
        {
          "index_key": 1,
          "schema_version": 0,
          "attributes": {
            "etag": "W/\"7c39f6884573cc33e1b1c9258ced2491\"",
            "id": "2826126:JohnWattsGDS",
            "role": "member",
            "team_id": "2826126",
            "username": "JohnWattsGDS"
          }
        }
      ]
    },
    {
      "module": "module.user_jstandring_gds",
      "mode": "managed",
      "type": "github_team_membership",
      "name": "team_membership",
      "each": "list",
      "provider": "provider.github",
      "instances": [
        {
          "index_key": 0,
          "schema_version": 0,
          "attributes": {
            "etag": "W/\"c8504011936727c5cadb83ca95bc0f15\"",
            "id": "2826127:jstandring-gds",
            "role": "member",
            "team_id": "2826127",
            "username": "jstandring-gds"
          }
        }
      ]
    },
    {
      "module": "module.user_sarahdean",
      "mode": "managed",
      "type": "github_team_membership",
      "name": "team_membership",
      "each": "list",
      "provider": "provider.github",
      "instances": [
        {
          "index_key": 0,
          "schema_version": 0,
          "attributes": {
            "etag": "W/\"def07dfb130d529b610b4cd3511704e8\"",
            "id": "2826122:sarah-dean",
            "role": "member",
            "team_id": "2826122",
            "username": "sarah-dean"
          }
        }
      ]
    },
    {
      "module": "module.user_annecarr",
      "mode": "managed",
      "type": "github_team_membership",
      "name": "team_membership",
      "each": "list",
      "provider": "provider.github",
      "instances": [
        {
          "index_key": 0,
          "schema_version": 0,
          "attributes": {
            "etag": "W/\"8f31adeef33d4ff86b1a39249d5ef912\"",
            "id": "2826122:AnneCarr",
            "role": "member",
            "team_id": "2826122",
            "username": "AnneCarr"
          }
        }
      ]
    },
    {
      "module": "module.user_amritsidhu",
      "mode": "managed",
      "type": "github_team_membership",
      "name": "team_membership",
      "each": "list",
      "provider": "provider.github",
      "instances": [
        {
          "index_key": 0,
          "schema_version": 0,
          "attributes": {
            "etag": "W/\"261226fc58ce5e8a8354c4202c9777ed\"",
            "id": "2826122:AmritSidhu",
            "role": "member",
            "team_id": "2826122",
            "username": "AmritSidhu"
          }
        }
      ]
    },
    {
      "module": "module.user_jkunle",
      "mode": "managed",
      "type": "github_team_membership",
      "name": "team_membership",
      "each": "list",
      "provider": "provider.github",
      "instances": [
        {
          "index_key": 0,
          "schema_version": 0,
          "attributes": {
            "etag": "W/\"3764abb55773a5a993e013ac79b36ba4\"",
            "id": "2826122:jkunle",
            "role": "member",
            "team_id": "2826122",
            "username": "jkunle"
          }
        }
      ]
    },
    {
      "module": "module.user_michaelabenyohai",
      "mode": "managed",
      "type": "github_team_membership",
      "name": "team_membership",
      "each": "list",
      "provider": "provider.github",
      "instances": [
        {
          "index_key": 0,
          "schema_version": 0,
          "attributes": {
            "etag": "W/\"6fd95d283d521c7a1b3cd86809636a3f\"",
            "id": "2826122:michaelabenyohai",
            "role": "maintainer",
            "team_id": "2826122",
            "username": "michaelabenyohai"
          }
        },
        {
          "index_key": 1,
          "schema_version": 0,
          "attributes": {
            "etag": "W/\"3fdadc9a6025b679b84298dd0f3164a9\"",
            "id": "2826126:michaelabenyohai",
            "role": "maintainer",
            "team_id": "2826126",
            "username": "michaelabenyohai"
          }
        },
        {
          "index_key": 2,
          "schema_version": 0,
          "attributes": {
            "etag": "W/\"2302b01ccb53ccd938f28590f4d1d1dd\"",
            "id": "2826127:michaelabenyohai",
            "role": "maintainer",
            "team_id": "2826127",
            "username": "michaelabenyohai"
          }
        }
      ]
    },
    {
      "module": "module.user_kerrr",
      "mode": "managed",
      "type": "github_team_membership",
      "name": "team_membership",
      "each": "list",
      "provider": "provider.github",
      "instances": [
        {
          "index_key": 0,
          "schema_version": 0,
          "attributes": {
            "etag": "W/\"e4398ef870d927ad75d34cea23d78ec1\"",
            "id": "2826122:kerrr",
            "role": "member",
            "team_id": "2826122",
            "username": "kerrr"
          }
        }
      ]
    },
    {
      "module": "module.user_benjamin_mortimer",
      "mode": "managed",
      "type": "github_team_membership",
      "name": "team_membership",
      "each": "list",
      "provider": "provider.github",
      "instances": [
        {
          "index_key": 0,
          "schema_version": 0,
          "attributes": {
            "etag": "W/\"111a8cc89004b4cd41d92a2aeaa6ca29\"",
            "id": "2826122:benjamin-mortimer",
            "role": "member",
            "team_id": "2826122",
            "username": "benjamin-mortimer"
          }
        },
        {
          "index_key": 1,
          "schema_version": 0,
          "attributes": {
            "etag": "W/\"d777e6c5ee93ce8f3872264985617f05\"",
            "id": "2826126:benjamin-mortimer",
            "role": "member",
            "team_id": "2826126",
            "username": "benjamin-mortimer"
          }
        }
      ]
    },
    {
      "module": "module.user_chrisclayson",
      "mode": "managed",
      "type": "github_team_membership",
      "name": "team_membership",
      "each": "list",
      "provider": "provider.github",
      "instances": [
        {
          "index_key": 0,
          "schema_version": 0,
          "attributes": {
            "etag": "W/\"bad17d9ac0013e7b56cbdf3fdb5d00ad\"",
            "id": "2826122:chrisclayson",
            "role": "member",
            "team_id": "2826122",
            "username": "chrisclayson"
          }
        }
      ]
    },
    {
      "module": "module.user_mrwilson",
      "mode": "managed",
      "type": "github_team_membership",
      "name": "team_membership",
      "each": "list",
      "provider": "provider.github",
      "instances": [
        {
          "index_key": 0,
          "schema_version": 0,
          "attributes": {
            "etag": "W/\"f761600d95ad6a7cdaa2b0e0b08424d8\"",
            "id": "2826122:mrwilson",
            "role": "member",
            "team_id": "2826122",
            "username": "mrwilson"
          }
        }
      ]
    },
    {
      "module": "module.user_szd55gds",
      "mode": "managed",
      "type": "github_team_membership",
      "name": "team_membership",
      "each": "list",
      "provider": "provider.github",
      "instances": [
        {
          "index_key": 0,
          "schema_version": 0,
          "attributes": {
            "etag": "W/\"781036aa3e84d9d9b850acf8f4f64200\"",
            "id": "2826127:szd55gds",
            "role": "member",
            "team_id": "2826127",
            "username": "szd55gds"
          }
        }
      ]
    },
    {
      "module": "module.user_blairboy362",
      "mode": "managed",
      "type": "github_team_membership",
      "name": "team_membership",
      "each": "list",
      "provider": "provider.github",
      "instances": [
        {
          "index_key": 0,
          "schema_version": 0,
          "attributes": {
            "etag": "W/\"ed4b76e45551e33d79332d2e599a0c82\"",
            "id": "2826127:blairboy362",
            "role": "member",
            "team_id": "2826127",
            "username": "blairboy362"
          }
        }
      ]
    },
    {
      "module": "module.user_issyl0",
      "mode": "managed",
      "type": "github_team_membership",
      "name": "team_membership",
      "each": "list",
      "provider": "provider.github",
      "instances": [
        {
          "index_key": 0,
          "schema_version": 0,
          "attributes": {
            "etag": "W/\"18c127e24350031e7f8fa1527f11f835\"",
            "id": "2826122:issyl0",
            "role": "member",
            "team_id": "2826122",
            "username": "issyl0"
          },
          "private": "bnVsbA=="
        },
        {
          "index_key": 1,
          "schema_version": 0,
          "attributes": {
            "etag": "W/\"de853fba9bfea3d8364b72f89a1a7f55\"",
            "id": "2826127:issyl0",
            "role": "member",
            "team_id": "2826127",
            "username": "issyl0"
          },
          "private": "bnVsbA=="
        }
      ]
    },
    {
      "module": "module.user_mhussein_gds",
      "mode": "managed",
      "type": "github_team_membership",
      "name": "team_membership",
      "each": "list",
      "provider": "provider.github",
      "instances": [
        {
          "index_key": 0,
          "schema_version": 0,
          "attributes": {
            "etag": "W/\"e672ad6abe1e4ce4643921d3b6186120\"",
            "id": "2826122:mhussein-gds",
            "role": "member",
            "team_id": "2826122",
            "username": "mhussein-gds"
          }
        }
      ]
    },
    {
      "module": "module.user_galund",
      "mode": "managed",
      "type": "github_team_membership",
      "name": "team_membership",
      "each": "list",
      "provider": "provider.github",
      "instances": [
        {
          "index_key": 0,
          "schema_version": 0,
          "attributes": {
            "etag": "W/\"c7942ddf073bd838ec0827311cf44fd8\"",
            "id": "2826122:galund",
            "role": "member",
            "team_id": "2826122",
            "username": "galund"
          }
        }
      ]
    },
    {
      "module": "module.user_tlwr",
      "mode": "managed",
      "type": "github_team_membership",
      "name": "team_membership",
      "each": "list",
      "provider": "provider.github",
      "instances": [
        {
          "index_key": 0,
          "schema_version": 0,
          "attributes": {
            "etag": "W/\"6f49517d044e09ca279270f09b96ca3e\"",
            "id": "2826122:tlwr",
            "role": "member",
            "team_id": "2826122",
            "username": "tlwr"
          },
          "private": "bnVsbA=="
        },
        {
          "index_key": 1,
          "schema_version": 0,
          "attributes": {
            "etag": "W/\"068390ce1b81ee1f282893c060494572\"",
            "id": "2826127:tlwr",
            "role": "member",
            "team_id": "2826127",
            "username": "tlwr"
          },
          "private": "bnVsbA=="
        }
      ]
    },
    {
      "module": "module.user_andy_paine",
      "mode": "managed",
      "type": "github_team_membership",
      "name": "team_membership",
      "each": "list",
      "provider": "provider.github",
      "instances": [
        {
          "index_key": 0,
          "schema_version": 0,
          "attributes": {
            "etag": "W/\"53a2e454fb8446728e4ea34e79e62ea6\"",
            "id": "2826122:andy-paine",
            "role": "member",
            "team_id": "2826122",
            "username": "andy-paine"
          },
          "private": "bnVsbA=="
        },
        {
          "index_key": 1,
          "schema_version": 0,
          "attributes": {
            "etag": "W/\"01a36ae2ade8e6ee9233bb3e60d7ff39\"",
            "id": "2826127:andy-paine",
            "role": "member",
            "team_id": "2826127",
            "username": "andy-paine"
          },
          "private": "bnVsbA=="
        }
      ]
    },
    {
      "module": "module.user_zilnhoj",
      "mode": "managed",
      "type": "github_team_membership",
      "name": "team_membership",
      "each": "list",
      "provider": "provider.github",
      "instances": [
        {
          "index_key": 0,
          "schema_version": 0,
          "attributes": {
            "etag": "W/\"156fe42c5924e0503873b55a61386718\"",
            "id": "2826122:zilnhoj",
            "role": "member",
            "team_id": "2826122",
            "username": "zilnhoj"
          }
        }
      ]
    },
    {
      "module": "module.user_bjgill",
      "mode": "managed",
      "type": "github_team_membership",
      "name": "team_membership",
      "each": "list",
      "provider": "provider.github",
      "instances": [
        {
          "index_key": 0,
          "schema_version": 0,
          "attributes": {
            "etag": "W/\"87760b199ac5cdf8cf203d4b1169bc57\"",
            "id": "2826122:bjgill",
            "role": "member",
            "team_id": "2826122",
            "username": "bjgill"
          }
        }
      ]
    },
    {
      "module": "module.user_alexandergeegds",
      "mode": "managed",
      "type": "github_team_membership",
      "name": "team_membership",
      "each": "list",
      "provider": "provider.github",
      "instances": [
        {
          "index_key": 0,
          "schema_version": 0,
          "attributes": {
            "etag": "W/\"2dda8b8622997e0b9c14dc211f1460e0\"",
            "id": "2826122:alexandergeegds",
            "role": "member",
            "team_id": "2826122",
            "username": "alexandergeegds"
          }
        }
      ]
    },
    {
      "module": "module.user_rhowe_gds",
      "mode": "managed",
      "type": "github_team_membership",
      "name": "team_membership",
      "each": "list",
      "provider": "provider.github",
      "instances": [
        {
          "index_key": 0,
          "schema_version": 0,
          "attributes": {
            "etag": "W/\"a25d4ac5a1760647f499288fff6884a2\"",
            "id": "2826122:rhowe-gds",
            "role": "member",
            "team_id": "2826122",
            "username": "rhowe-gds"
          },
          "private": "bnVsbA=="
        },
        {
          "index_key": 1,
          "schema_version": 0,
          "attributes": {
            "etag": "W/\"29df260a735c7f63665b5c859569a0e9\"",
            "id": "2826127:rhowe-gds",
            "role": "member",
            "team_id": "2826127",
            "username": "rhowe-gds"
          },
          "private": "bnVsbA=="
        }
      ]
    },
    {
      "module": "module.user_alan_gds",
      "mode": "managed",
      "type": "github_team_membership",
      "name": "team_membership",
      "each": "list",
      "provider": "provider.github",
      "instances": [
        {
          "index_key": 0,
          "schema_version": 0,
          "attributes": {
            "etag": "W/\"f81bddab840449345a434bc6059573e6\"",
            "id": "2826122:alan-gds",
            "role": "member",
            "team_id": "2826122",
            "username": "alan-gds"
          }
        }
      ]
    },
    {
      "module": "module.user_nacnudus",
      "mode": "managed",
      "type": "github_team_membership",
      "name": "team_membership",
      "each": "list",
      "provider": "provider.github",
      "instances": [
        {
          "index_key": 0,
          "schema_version": 0,
          "attributes": {
            "etag": "W/\"61dc19a4c6aa44fc0ad04a5641dafdf5\"",
            "id": "2826122:nacnudus",
            "role": "member",
            "team_id": "2826122",
            "username": "nacnudus"
          }
        }
      ]
    },
    {
      "module": "module.user_danielblair",
      "mode": "managed",
      "type": "github_team_membership",
      "name": "team_membership",
      "each": "list",
      "provider": "provider.github",
      "instances": [
        {
          "index_key": 0,
          "schema_version": 0,
          "attributes": {
            "etag": "W/\"5e21f5a38a1f620f15cecfdd2c1171a2\"",
            "id": "2826122:blairboy362",
            "role": "member",
            "team_id": "2826122",
            "username": "blairboy362"
          }
        },
        {
          "index_key": 1,
          "schema_version": 0,
          "attributes": {
            "etag": "W/\"ae249061582f0027b50c890a6e33bb7f\"",
            "id": "2826126:blairboy362",
            "role": "member",
            "team_id": "2826126",
            "username": "blairboy362"
          }
        }
      ]
    },
    {
      "module": "module.user_charlesic",
      "mode": "managed",
      "type": "github_team_membership",
      "name": "team_membership",
      "each": "list",
      "provider": "provider.github",
      "instances": [
        {
          "index_key": 0,
          "schema_version": 0,
          "attributes": {
            "etag": "W/\"a390671d7af56d95e7b8d7170b4318b5\"",
            "id": "2826122:CharlesIC",
            "role": "maintainer",
            "team_id": "2826122",
            "username": "CharlesIC"
          }
        },
        {
          "index_key": 1,
          "schema_version": 0,
          "attributes": {
            "etag": "W/\"6f234e17c8d9fcee06d3eaa71bd8d6fe\"",
            "id": "2826126:CharlesIC",
            "role": "maintainer",
            "team_id": "2826126",
            "username": "CharlesIC"
          }
        }
      ]
    },
    {
      "module": "module.user_philandstuff",
      "mode": "managed",
      "type": "github_team_membership",
      "name": "team_membership",
      "each": "list",
      "provider": "provider.github",
      "instances": [
        {
          "index_key": 0,
          "schema_version": 0,
          "attributes": {
            "etag": "W/\"84fffe26a432d76e06f3113c2ec94981\"",
            "id": "2826122:philandstuff",
            "role": "member",
            "team_id": "2826122",
            "username": "philandstuff"
          },
          "private": "bnVsbA=="
        },
        {
          "index_key": 1,
          "schema_version": 0,
          "attributes": {
            "etag": "W/\"2d0c8d202ddd895bb1cbfd2c242d8865\"",
            "id": "2826127:philandstuff",
            "role": "member",
            "team_id": "2826127",
            "username": "philandstuff"
          },
          "private": "bnVsbA=="
        }
      ]
    },
    {
      "module": "module.user_jakubmiarka",
      "mode": "managed",
      "type": "github_team_membership",
      "name": "team_membership",
      "each": "list",
      "provider": "provider.github",
      "instances": [
        {
          "index_key": 0,
          "schema_version": 0,
          "attributes": {
            "etag": "W/\"c8c5e615d2a13c6c2b20cb0380c72a1b\"",
            "id": "2826122:jakubmiarka",
            "role": "maintainer",
            "team_id": "2826122",
            "username": "jakubmiarka"
          }
        }
      ]
    },
    {
      "module": "module.user_j_maynard",
      "mode": "managed",
      "type": "github_team_membership",
      "name": "team_membership",
      "each": "list",
      "provider": "provider.github",
      "instances": [
        {
          "index_key": 0,
          "schema_version": 0,
          "attributes": {
            "etag": "W/\"b880d2cc7ba54e147dd4ff7ee9e40ff0\"",
            "id": "2826122:j-maynard",
            "role": "member",
            "team_id": "2826122",
            "username": "j-maynard"
          }
        }
      ]
    },
    {
      "module": "module.user_brenetic",
      "mode": "managed",
      "type": "github_team_membership",
      "name": "team_membership",
      "each": "list",
      "provider": "provider.github",
      "instances": [
        {
          "index_key": 0,
          "schema_version": 0,
          "attributes": {
            "etag": "W/\"698c1b5bfd745179ef7d537256055140\"",
            "id": "2826122:brenetic",
            "role": "maintainer",
            "team_id": "2826122",
            "username": "brenetic"
          }
        }
      ]
    },
    {
      "module": "module.user_bravegrape",
      "mode": "managed",
      "type": "github_team_membership",
      "name": "team_membership",
      "each": "list",
      "provider": "provider.github",
      "instances": [
        {
          "index_key": 0,
          "schema_version": 0,
          "attributes": {
            "etag": "W/\"f8a5c0412a86a3e5ade27d1384410c26\"",
            "id": "2826122:bravegrape",
            "role": "member",
            "team_id": "2826122",
            "username": "bravegrape"
          }
        }
      ]
    },
    {
      "module": "module.user_ida_build_bot",
      "mode": "managed",
      "type": "github_team_membership",
      "name": "team_membership",
      "each": "list",
      "provider": "provider.github",
      "instances": [
        {
          "index_key": 0,
          "schema_version": 0,
          "attributes": {
            "etag": "W/\"d2c6df2965aeb34a97991032b1939828\"",
            "id": "2826122:ida-build-bot",
            "role": "member",
            "team_id": "2826122",
            "username": "ida-build-bot"
          }
        },
        {
          "index_key": 1,
          "schema_version": 0,
          "attributes": {
            "etag": "W/\"5ac95db08dfc80ad05cf732718ed50c8\"",
            "id": "2826126:ida-build-bot",
            "role": "member",
            "team_id": "2826126",
            "username": "ida-build-bot"
          }
        }
      ]
    },
    {
      "module": "module.user_coleni",
      "mode": "managed",
      "type": "github_team_membership",
      "name": "team_membership",
      "each": "list",
      "provider": "provider.github",
      "instances": [
        {
          "index_key": 0,
          "schema_version": 0,
          "attributes": {
            "etag": "W/\"994779ea8b70d4ac272a1d0162bb14fa\"",
            "id": "2826122:coleni",
            "role": "member",
            "team_id": "2826122",
            "username": "coleni"
          }
        }
      ]
    },
    {
      "module": "module.user_robinmitra",
      "mode": "managed",
      "type": "github_team_membership",
      "name": "team_membership",
      "each": "list",
      "provider": "provider.github",
      "instances": [
        {
          "index_key": 0,
          "schema_version": 0,
          "attributes": {
            "etag": "W/\"b856af893692f28afb912ff591bda54a\"",
            "id": "2826122:robinmitra",
            "role": "member",
            "team_id": "2826122",
            "username": "robinmitra"
          }
        }
      ]
    },
    {
      "module": "module.user_chrisholmes",
      "mode": "managed",
      "type": "github_team_membership",
      "name": "team_membership",
      "each": "list",
      "provider": "provider.github",
      "instances": [
        {
          "index_key": 0,
          "schema_version": 0,
          "attributes": {
            "etag": "W/\"fe6dc27b5d5226a1f4f0e942c1d09d19\"",
            "id": "2826122:chrisholmes",
            "role": "maintainer",
            "team_id": "2826122",
            "username": "chrisholmes"
          }
        },
        {
          "index_key": 1,
          "schema_version": 0,
          "attributes": {
            "etag": "W/\"24584e1a10bc04e14a53782670c35f13\"",
            "id": "2826126:chrisholmes",
            "role": "maintainer",
            "team_id": "2826126",
            "username": "chrisholmes"
          }
        },
        {
          "index_key": 2,
          "schema_version": 0,
          "attributes": {
            "etag": "W/\"286d4d5c0875e95eb2f525cd33179ce5\"",
            "id": "2826127:chrisholmes",
            "role": "maintainer",
            "team_id": "2826127",
            "username": "chrisholmes"
          }
        }
      ]
    },
    {
      "module": "module.user_sakisv",
      "mode": "managed",
      "type": "github_team_membership",
      "name": "tech_team_approver",
      "each": "list",
      "provider": "provider.github",
      "instances": [
        {
          "index_key": 0,
          "schema_version": 0,
          "attributes": {
            "etag": "W/\"f72933cc639dbd5ccb28289df7dbecaa\"",
            "id": "3101758:sakisv",
            "role": "member",
            "team_id": "3101758",
            "username": "sakisv"
          },
          "depends_on": [
            "data.github_team.approvers_team"
          ]
        }
      ]
    },
    {
      "module": "module.user_idacodacybot",
      "mode": "managed",
      "type": "github_team_membership",
      "name": "tech_team_approver",
      "each": "list",
      "provider": "provider.github",
      "instances": []
    },
    {
      "module": "module.user_thomasalanlee",
      "mode": "managed",
      "type": "github_team_membership",
      "name": "tech_team_approver",
      "each": "list",
      "provider": "provider.github",
      "instances": [
        {
          "index_key": 0,
          "schema_version": 0,
          "attributes": {
            "etag": "W/\"432194672c24e3f262ed350af7b72f7b\"",
            "id": "3101758:thomasalanlee",
            "role": "member",
            "team_id": "3101758",
            "username": "thomasalanlee"
          },
          "private": "bnVsbA==",
          "depends_on": [
            "data.github_team.approvers_team"
          ]
        }
      ]
    },
    {
      "module": "module.user_chris_wynne",
      "mode": "managed",
      "type": "github_team_membership",
      "name": "tech_team_approver",
      "each": "list",
      "provider": "provider.github",
      "instances": [
        {
          "index_key": 0,
          "schema_version": 0,
          "attributes": {
            "etag": "W/\"54c4ba3b4d1630bfa675a4924b59a2a0\"",
            "id": "3101758:Wynndow",
            "role": "member",
            "team_id": "3101758",
            "username": "Wynndow"
          },
          "depends_on": [
            "data.github_team.approvers_team"
          ]
        }
      ]
    },
    {
      "module": "module.user_todai88",
      "mode": "managed",
      "type": "github_team_membership",
      "name": "tech_team_approver",
      "each": "list",
      "provider": "provider.github",
      "instances": []
    },
    {
      "module": "module.user_instantiator",
      "mode": "managed",
      "type": "github_team_membership",
      "name": "tech_team_approver",
      "each": "list",
      "provider": "provider.github",
      "instances": []
    },
    {
      "module": "module.user_gdsnewt",
      "mode": "managed",
      "type": "github_team_membership",
      "name": "tech_team_approver",
      "each": "list",
      "provider": "provider.github",
      "instances": []
    },
    {
      "module": "module.user_alex_monk",
      "mode": "managed",
      "type": "github_team_membership",
      "name": "tech_team_approver",
      "each": "list",
      "provider": "provider.github",
      "instances": [
        {
          "index_key": 0,
          "schema_version": 0,
          "attributes": {
            "etag": "W/\"d5b8e5833bbb2d28eab098eba8d119b7\"",
            "id": "3101758:Krenair",
            "role": "member",
            "team_id": "3101758",
            "username": "Krenair"
          },
          "depends_on": [
            "data.github_team.approvers_team"
          ]
        }
      ]
    },
    {
      "module": "module.user_adityapahuja",
      "mode": "managed",
      "type": "github_team_membership",
      "name": "tech_team_approver",
      "each": "list",
      "provider": "provider.github",
      "instances": [
        {
          "index_key": 0,
          "schema_version": 0,
          "attributes": {
            "etag": "W/\"852910bbb9c6f2ef7ba52c8e5b067266\"",
            "id": "3101758:adityapahuja",
            "role": "member",
            "team_id": "3101758",
            "username": "adityapahuja"
          },
          "depends_on": [
            "data.github_team.approvers_team"
          ]
        }
      ]
    },
    {
      "module": "module.user_ronocg",
      "mode": "managed",
      "type": "github_team_membership",
      "name": "tech_team_approver",
      "each": "list",
      "provider": "provider.github",
      "instances": [
        {
          "index_key": 0,
          "schema_version": 0,
          "attributes": {
            "etag": "W/\"086751df279f7909bb9bfca80f6e0b14\"",
            "id": "3101758:ronocg",
            "role": "member",
            "team_id": "3101758",
            "username": "ronocg"
          },
          "depends_on": [
            "data.github_team.approvers_team"
          ]
        }
      ]
    },
    {
      "module": "module.user_dbes_gds",
      "mode": "managed",
      "type": "github_team_membership",
      "name": "tech_team_approver",
      "each": "list",
      "provider": "provider.github",
      "instances": [
        {
          "index_key": 0,
          "schema_version": 0,
          "attributes": {
            "etag": "W/\"344ec6f478869656271e26c2e43a62aa\"",
            "id": "3101758:dbes-gds",
            "role": "member",
            "team_id": "3101758",
            "username": "dbes-gds"
          },
          "depends_on": [
            "data.github_team.approvers_team"
          ]
        }
      ]
    },
    {
      "module": "module.user_smford",
      "mode": "managed",
      "type": "github_team_membership",
      "name": "tech_team_approver",
      "each": "list",
      "provider": "provider.github",
      "instances": [
        {
          "index_key": 0,
          "schema_version": 0,
          "attributes": {
            "etag": "W/\"39d8f4a4d074c1878fd012cb51e181ca\"",
            "id": "3101758:smford",
            "role": "member",
            "team_id": "3101758",
            "username": "smford"
          },
          "private": "bnVsbA==",
          "depends_on": [
            "data.github_team.approvers_team"
          ]
        }
      ]
    },
    {
      "module": "module.user_idrop",
      "mode": "managed",
      "type": "github_team_membership",
      "name": "tech_team_approver",
      "each": "list",
      "provider": "provider.github",
      "instances": [
        {
          "index_key": 0,
          "schema_version": 0,
          "attributes": {
            "etag": "W/\"530ab5b206aeb45e540f24207e871b39\"",
            "id": "3101758:idrop",
            "role": "member",
            "team_id": "3101758",
            "username": "idrop"
          },
          "depends_on": [
            "data.github_team.approvers_team"
          ]
        }
      ]
    },
    {
      "module": "module.user_tomrosier",
      "mode": "managed",
      "type": "github_team_membership",
      "name": "tech_team_approver",
      "each": "list",
      "provider": "provider.github",
      "instances": [
        {
          "index_key": 0,
          "schema_version": 0,
          "attributes": {
            "etag": "W/\"fd9db23b5b3d716dd218a1a64fad9f1b\"",
            "id": "3101758:tomrosier",
            "role": "member",
            "team_id": "3101758",
            "username": "tomrosier"
          },
          "depends_on": [
            "data.github_team.approvers_team"
          ]
        }
      ]
    },
    {
      "module": "module.user_rosa_fox",
      "mode": "managed",
      "type": "github_team_membership",
      "name": "tech_team_approver",
      "each": "list",
      "provider": "provider.github",
      "instances": [
        {
          "index_key": 0,
          "schema_version": 0,
          "attributes": {
            "etag": "W/\"4bf80c3a00d62ce77874c5a75fb0f513\"",
            "id": "3101758:Rosa-Fox",
            "role": "member",
            "team_id": "3101758",
            "username": "Rosa-Fox"
          },
          "depends_on": [
            "data.github_team.approvers_team"
          ]
        }
      ]
    },
    {
      "module": "module.user_jhjava",
      "mode": "managed",
      "type": "github_team_membership",
      "name": "tech_team_approver",
      "each": "list",
      "provider": "provider.github",
      "instances": [
        {
          "index_key": 0,
          "schema_version": 0,
          "attributes": {
            "etag": "W/\"4c15d191a3f7cbc0c188feb0fe61da4c\"",
            "id": "3101758:JHjava",
            "role": "member",
            "team_id": "3101758",
            "username": "JHjava"
          },
          "private": "bnVsbA==",
          "depends_on": [
            "data.github_team.approvers_team"
          ]
        }
      ]
    },
    {
      "module": "module.user_sistephens",
      "mode": "managed",
      "type": "github_team_membership",
      "name": "tech_team_approver",
      "each": "list",
      "provider": "provider.github",
      "instances": []
    },
    {
      "module": "module.user_racinghippo",
      "mode": "managed",
      "type": "github_team_membership",
      "name": "tech_team_approver",
      "each": "list",
      "provider": "provider.github",
      "instances": []
    },
    {
      "module": "module.user_mariaslo",
      "mode": "managed",
      "type": "github_team_membership",
      "name": "tech_team_approver",
      "each": "list",
      "provider": "provider.github",
      "instances": []
    },
    {
      "module": "module.user_johnwattsgds",
      "mode": "managed",
      "type": "github_team_membership",
      "name": "tech_team_approver",
      "each": "list",
      "provider": "provider.github",
      "instances": [
        {
          "index_key": 0,
          "schema_version": 0,
          "attributes": {
            "etag": "W/\"4f87faa5511bf3bf825b121d948835db\"",
            "id": "3101758:JohnWattsGDS",
            "role": "member",
            "team_id": "3101758",
            "username": "JohnWattsGDS"
          },
          "depends_on": [
            "data.github_team.approvers_team"
          ]
        }
      ]
    },
    {
      "module": "module.user_jstandring_gds",
      "mode": "managed",
      "type": "github_team_membership",
      "name": "tech_team_approver",
      "each": "list",
      "provider": "provider.github",
      "instances": [
        {
          "index_key": 0,
          "schema_version": 0,
          "attributes": {
            "etag": "W/\"5f0c4e90d7e36280acb9c187c57525ce\"",
            "id": "3101758:jstandring-gds",
            "role": "member",
            "team_id": "3101758",
            "username": "jstandring-gds"
          },
          "depends_on": [
            "data.github_team.approvers_team"
          ]
        }
      ]
    },
    {
      "module": "module.user_sarahdean",
      "mode": "managed",
      "type": "github_team_membership",
      "name": "tech_team_approver",
      "each": "list",
      "provider": "provider.github",
      "instances": []
    },
    {
      "module": "module.user_annecarr",
      "mode": "managed",
      "type": "github_team_membership",
      "name": "tech_team_approver",
      "each": "list",
      "provider": "provider.github",
      "instances": []
    },
    {
      "module": "module.user_amritsidhu",
      "mode": "managed",
      "type": "github_team_membership",
      "name": "tech_team_approver",
      "each": "list",
      "provider": "provider.github",
      "instances": [
        {
          "index_key": 0,
          "schema_version": 0,
          "attributes": {
            "etag": "W/\"8b207bec6c4e00ebe8320e220241c055\"",
            "id": "3101758:AmritSidhu",
            "role": "member",
            "team_id": "3101758",
            "username": "AmritSidhu"
          },
          "depends_on": [
            "data.github_team.approvers_team"
          ]
        }
      ]
    },
    {
      "module": "module.user_jkunle",
      "mode": "managed",
      "type": "github_team_membership",
      "name": "tech_team_approver",
      "each": "list",
      "provider": "provider.github",
      "instances": []
    },
    {
      "module": "module.user_michaelabenyohai",
      "mode": "managed",
      "type": "github_team_membership",
      "name": "tech_team_approver",
      "each": "list",
      "provider": "provider.github",
      "instances": [
        {
          "index_key": 0,
          "schema_version": 0,
          "attributes": {
            "etag": "W/\"5dc7049eeb4d3599523170464aabac8c\"",
            "id": "3101758:michaelabenyohai",
            "role": "member",
            "team_id": "3101758",
            "username": "michaelabenyohai"
          },
          "private": "bnVsbA==",
          "depends_on": [
            "data.github_team.approvers_team"
          ]
        }
      ]
    },
    {
      "module": "module.user_kerrr",
      "mode": "managed",
      "type": "github_team_membership",
      "name": "tech_team_approver",
      "each": "list",
      "provider": "provider.github",
      "instances": [
        {
          "index_key": 0,
          "schema_version": 0,
          "attributes": {
            "etag": "W/\"526b92ff81515f1bca472b8422dc8ca7\"",
            "id": "3101758:kerrr",
            "role": "member",
            "team_id": "3101758",
            "username": "kerrr"
          },
          "depends_on": [
            "data.github_team.approvers_team"
          ]
        }
      ]
    },
    {
      "module": "module.user_benjamin_mortimer",
      "mode": "managed",
      "type": "github_team_membership",
      "name": "tech_team_approver",
      "each": "list",
      "provider": "provider.github",
      "instances": []
    },
    {
      "module": "module.user_chrisclayson",
      "mode": "managed",
      "type": "github_team_membership",
      "name": "tech_team_approver",
      "each": "list",
      "provider": "provider.github",
      "instances": [
        {
          "index_key": 0,
          "schema_version": 0,
          "attributes": {
            "etag": "W/\"1d4ae56706b1f64db0824389c1f066fe\"",
            "id": "3101758:chrisclayson",
            "role": "member",
            "team_id": "3101758",
            "username": "chrisclayson"
          },
          "depends_on": [
            "data.github_team.approvers_team"
          ]
        }
      ]
    },
    {
      "module": "module.user_mrwilson",
      "mode": "managed",
      "type": "github_team_membership",
      "name": "tech_team_approver",
      "each": "list",
      "provider": "provider.github",
      "instances": [
        {
          "index_key": 0,
          "schema_version": 0,
          "attributes": {
            "etag": "W/\"71fc273304141ea1a3d28a5cc5b44452\"",
            "id": "3101758:mrwilson",
            "role": "member",
            "team_id": "3101758",
            "username": "mrwilson"
          },
          "depends_on": [
            "data.github_team.approvers_team"
          ]
        }
      ]
    },
    {
      "module": "module.user_szd55gds",
      "mode": "managed",
      "type": "github_team_membership",
      "name": "tech_team_approver",
      "each": "list",
      "provider": "provider.github",
      "instances": [
        {
          "index_key": 0,
          "schema_version": 0,
          "attributes": {
            "etag": "W/\"655c3d18e9253aba9aa929b740ff712c\"",
            "id": "3101758:szd55gds",
            "role": "member",
            "team_id": "3101758",
            "username": "szd55gds"
          },
          "depends_on": [
            "data.github_team.approvers_team"
          ]
        }
      ]
    },
    {
      "module": "module.user_blairboy362",
      "mode": "managed",
      "type": "github_team_membership",
      "name": "tech_team_approver",
      "each": "list",
      "provider": "provider.github",
      "instances": [
        {
          "index_key": 0,
          "schema_version": 0,
          "attributes": {
            "etag": "W/\"0c69218dfb57834210810ceadee0eb0c\"",
            "id": "3101758:blairboy362",
            "role": "member",
            "team_id": "3101758",
            "username": "blairboy362"
          },
          "depends_on": [
            "data.github_team.approvers_team"
          ]
        }
      ]
    },
    {
      "module": "module.user_issyl0",
      "mode": "managed",
      "type": "github_team_membership",
      "name": "tech_team_approver",
      "each": "list",
      "provider": "provider.github",
      "instances": [
        {
          "index_key": 0,
          "schema_version": 0,
          "attributes": {
            "etag": "W/\"8a49653c30062c8631dc10d3b349b496\"",
            "id": "3101758:issyl0",
            "role": "member",
            "team_id": "3101758",
            "username": "issyl0"
          },
          "private": "bnVsbA==",
          "depends_on": [
            "data.github_team.approvers_team"
          ]
        }
      ]
    },
    {
      "module": "module.user_mhussein_gds",
      "mode": "managed",
      "type": "github_team_membership",
      "name": "tech_team_approver",
      "each": "list",
      "provider": "provider.github",
      "instances": [
        {
          "index_key": 0,
          "schema_version": 0,
          "attributes": {
            "etag": "W/\"9ccb6f3dea2abde304d521b1912124b4\"",
            "id": "3101758:mhussein-gds",
            "role": "member",
            "team_id": "3101758",
            "username": "mhussein-gds"
          },
          "depends_on": [
            "data.github_team.approvers_team"
          ]
        }
      ]
    },
    {
      "module": "module.user_galund",
      "mode": "managed",
      "type": "github_team_membership",
      "name": "tech_team_approver",
      "each": "list",
      "provider": "provider.github",
      "instances": [
        {
          "index_key": 0,
          "schema_version": 0,
          "attributes": {
            "etag": "W/\"9dba1968f0cd12e77d70ba6d16d0fa4f\"",
            "id": "3101758:galund",
            "role": "member",
            "team_id": "3101758",
            "username": "galund"
          },
          "depends_on": [
            "data.github_team.approvers_team"
          ]
        }
      ]
    },
    {
      "module": "module.user_tlwr",
      "mode": "managed",
      "type": "github_team_membership",
      "name": "tech_team_approver",
      "each": "list",
      "provider": "provider.github",
      "instances": [
        {
          "index_key": 0,
          "schema_version": 0,
          "attributes": {
            "etag": "W/\"f1c55b302e4c9222a8274d06e09160f8\"",
            "id": "3101758:tlwr",
            "role": "member",
            "team_id": "3101758",
            "username": "tlwr"
          },
          "private": "bnVsbA==",
          "depends_on": [
            "data.github_team.approvers_team"
          ]
        }
      ]
    },
    {
      "module": "module.user_andy_paine",
      "mode": "managed",
      "type": "github_team_membership",
      "name": "tech_team_approver",
      "each": "list",
      "provider": "provider.github",
      "instances": [
        {
          "index_key": 0,
          "schema_version": 0,
          "attributes": {
            "etag": "W/\"2b36a378a359c6ccf602bd98b515923e\"",
            "id": "3101758:andy-paine",
            "role": "member",
            "team_id": "3101758",
            "username": "andy-paine"
          },
          "private": "bnVsbA==",
          "depends_on": [
            "data.github_team.approvers_team"
          ]
        }
      ]
    },
    {
      "module": "module.user_zilnhoj",
      "mode": "managed",
      "type": "github_team_membership",
      "name": "tech_team_approver",
      "each": "list",
      "provider": "provider.github",
      "instances": []
    },
    {
      "module": "module.user_bjgill",
      "mode": "managed",
      "type": "github_team_membership",
      "name": "tech_team_approver",
      "each": "list",
      "provider": "provider.github",
      "instances": [
        {
          "index_key": 0,
          "schema_version": 0,
          "attributes": {
            "etag": "W/\"6ee9ba0749c8864a0a490228c07f813d\"",
            "id": "3101758:bjgill",
            "role": "member",
            "team_id": "3101758",
            "username": "bjgill"
          },
          "depends_on": [
            "data.github_team.approvers_team"
          ]
        }
      ]
    },
    {
      "module": "module.user_alexandergeegds",
      "mode": "managed",
      "type": "github_team_membership",
      "name": "tech_team_approver",
      "each": "list",
      "provider": "provider.github",
      "instances": [
        {
          "index_key": 0,
          "schema_version": 0,
          "attributes": {
            "etag": "W/\"3ec37f7c41f5f7fef63a035491e9ece8\"",
            "id": "3101758:alexandergeegds",
            "role": "member",
            "team_id": "3101758",
            "username": "alexandergeegds"
          },
          "depends_on": [
            "data.github_team.approvers_team"
          ]
        }
      ]
    },
    {
      "module": "module.user_rhowe_gds",
      "mode": "managed",
      "type": "github_team_membership",
      "name": "tech_team_approver",
      "each": "list",
      "provider": "provider.github",
      "instances": [
        {
          "index_key": 0,
          "schema_version": 0,
          "attributes": {
            "etag": "W/\"9d2bdd3ee4ae87b59d13487bc57498d4\"",
            "id": "3101758:rhowe-gds",
            "role": "member",
            "team_id": "3101758",
            "username": "rhowe-gds"
          },
          "private": "bnVsbA==",
          "depends_on": [
            "data.github_team.approvers_team"
          ]
        }
      ]
    },
    {
      "module": "module.user_alan_gds",
      "mode": "managed",
      "type": "github_team_membership",
      "name": "tech_team_approver",
      "each": "list",
      "provider": "provider.github",
      "instances": [
        {
          "index_key": 0,
          "schema_version": 0,
          "attributes": {
            "etag": "W/\"8de592bc7307a009f5e9e541d386a4c4\"",
            "id": "3101758:alan-gds",
            "role": "member",
            "team_id": "3101758",
            "username": "alan-gds"
          },
          "depends_on": [
            "data.github_team.approvers_team"
          ]
        }
      ]
    },
    {
      "module": "module.user_nacnudus",
      "mode": "managed",
      "type": "github_team_membership",
      "name": "tech_team_approver",
      "each": "list",
      "provider": "provider.github",
      "instances": []
    },
    {
      "module": "module.user_danielblair",
      "mode": "managed",
      "type": "github_team_membership",
      "name": "tech_team_approver",
      "each": "list",
      "provider": "provider.github",
      "instances": [
        {
          "index_key": 0,
          "schema_version": 0,
          "attributes": {
            "etag": "W/\"0c69218dfb57834210810ceadee0eb0c\"",
            "id": "3101758:blairboy362",
            "role": "member",
            "team_id": "3101758",
            "username": "blairboy362"
          },
          "depends_on": [
            "data.github_team.approvers_team"
          ]
        }
      ]
    },
    {
      "module": "module.user_charlesic",
      "mode": "managed",
      "type": "github_team_membership",
      "name": "tech_team_approver",
      "each": "list",
      "provider": "provider.github",
      "instances": [
        {
          "index_key": 0,
          "schema_version": 0,
          "attributes": {
            "etag": "W/\"8af04afd1f05a1bcab99fae5fac70bfa\"",
            "id": "3101758:CharlesIC",
            "role": "member",
            "team_id": "3101758",
            "username": "CharlesIC"
          },
          "private": "bnVsbA==",
          "depends_on": [
            "data.github_team.approvers_team"
          ]
        }
      ]
    },
    {
      "module": "module.user_philandstuff",
      "mode": "managed",
      "type": "github_team_membership",
      "name": "tech_team_approver",
      "each": "list",
      "provider": "provider.github",
      "instances": [
        {
          "index_key": 0,
          "schema_version": 0,
          "attributes": {
            "etag": "W/\"ad4188b83d05bdeaf18749d8fdb33731\"",
            "id": "3101758:philandstuff",
            "role": "member",
            "team_id": "3101758",
            "username": "philandstuff"
          },
          "private": "bnVsbA==",
          "depends_on": [
            "data.github_team.approvers_team"
          ]
        }
      ]
    },
    {
      "module": "module.user_jakubmiarka",
      "mode": "managed",
      "type": "github_team_membership",
      "name": "tech_team_approver",
      "each": "list",
      "provider": "provider.github",
      "instances": [
        {
          "index_key": 0,
          "schema_version": 0,
          "attributes": {
            "etag": "W/\"4b4f2615eab0b6b8d776ad966976b601\"",
            "id": "3101758:jakubmiarka",
            "role": "member",
            "team_id": "3101758",
            "username": "jakubmiarka"
          },
          "private": "bnVsbA==",
          "depends_on": [
            "data.github_team.approvers_team"
          ]
        }
      ]
    },
    {
      "module": "module.user_j_maynard",
      "mode": "managed",
      "type": "github_team_membership",
      "name": "tech_team_approver",
      "each": "list",
      "provider": "provider.github",
      "instances": []
    },
    {
      "module": "module.user_brenetic",
      "mode": "managed",
      "type": "github_team_membership",
      "name": "tech_team_approver",
      "each": "list",
      "provider": "provider.github",
      "instances": [
        {
          "index_key": 0,
          "schema_version": 0,
          "attributes": {
            "etag": "W/\"0d0ccdf6e7680b97afe07d2b147e17a4\"",
            "id": "3101758:brenetic",
            "role": "member",
            "team_id": "3101758",
            "username": "brenetic"
          },
          "private": "bnVsbA==",
          "depends_on": [
            "data.github_team.approvers_team"
          ]
        }
      ]
    },
    {
      "module": "module.user_bravegrape",
      "mode": "managed",
      "type": "github_team_membership",
      "name": "tech_team_approver",
      "each": "list",
      "provider": "provider.github",
      "instances": [
        {
          "index_key": 0,
          "schema_version": 0,
          "attributes": {
            "etag": "W/\"1b756b223aa31d07e555ed595bd87bf7\"",
            "id": "3101758:bravegrape",
            "role": "member",
            "team_id": "3101758",
            "username": "bravegrape"
          },
          "depends_on": [
            "data.github_team.approvers_team"
          ]
        }
      ]
    },
    {
      "module": "module.user_ida_build_bot",
      "mode": "managed",
      "type": "github_team_membership",
      "name": "tech_team_approver",
      "each": "list",
      "provider": "provider.github",
      "instances": []
    },
    {
      "module": "module.user_coleni",
      "mode": "managed",
      "type": "github_team_membership",
      "name": "tech_team_approver",
      "each": "list",
      "provider": "provider.github",
      "instances": []
    },
    {
      "module": "module.user_robinmitra",
      "mode": "managed",
      "type": "github_team_membership",
      "name": "tech_team_approver",
      "each": "list",
      "provider": "provider.github",
      "instances": [
        {
          "index_key": 0,
          "schema_version": 0,
          "attributes": {
            "etag": "W/\"0131b28036d88e2f0e19f76a1182493c\"",
            "id": "3101758:robinmitra",
            "role": "member",
            "team_id": "3101758",
            "username": "robinmitra"
          },
          "depends_on": [
            "data.github_team.approvers_team"
          ]
        }
      ]
    },
    {
      "module": "module.user_chrisholmes",
      "mode": "managed",
      "type": "github_team_membership",
      "name": "tech_team_approver",
      "each": "list",
      "provider": "provider.github",
      "instances": [
        {
          "index_key": 0,
          "schema_version": 0,
          "attributes": {
            "etag": "W/\"252bb64a9c4e58243892a8d1bd9eb9d4\"",
            "id": "3101758:chrisholmes",
            "role": "member",
            "team_id": "3101758",
            "username": "chrisholmes"
          },
          "private": "bnVsbA==",
          "depends_on": [
            "data.github_team.approvers_team"
          ]
        }
      ]
    },
    {
      "module": "module.user_sakisv",
      "mode": "managed",
      "type": "github_team_membership",
      "name": "tech_team_maintainer",
      "each": "list",
      "provider": "provider.github",
      "instances": []
    },
    {
      "module": "module.user_idacodacybot",
      "mode": "managed",
      "type": "github_team_membership",
      "name": "tech_team_maintainer",
      "each": "list",
      "provider": "provider.github",
      "instances": []
    },
    {
      "module": "module.user_thomasalanlee",
      "mode": "managed",
      "type": "github_team_membership",
      "name": "tech_team_maintainer",
      "each": "list",
      "provider": "provider.github",
      "instances": [
        {
          "index_key": 0,
          "schema_version": 0,
          "attributes": {
            "etag": "W/\"a024ffced92610a34f1c6c6ed7e187ea\"",
            "id": "2830432:thomasalanlee",
            "role": "maintainer",
            "team_id": "2830432",
            "username": "thomasalanlee"
          },
          "depends_on": [
            "data.github_team.tech_team"
          ]
        }
      ]
    },
    {
      "module": "module.user_chris_wynne",
      "mode": "managed",
      "type": "github_team_membership",
      "name": "tech_team_maintainer",
      "each": "list",
      "provider": "provider.github",
      "instances": []
    },
    {
      "module": "module.user_todai88",
      "mode": "managed",
      "type": "github_team_membership",
      "name": "tech_team_maintainer",
      "each": "list",
      "provider": "provider.github",
      "instances": []
    },
    {
      "module": "module.user_instantiator",
      "mode": "managed",
      "type": "github_team_membership",
      "name": "tech_team_maintainer",
      "each": "list",
      "provider": "provider.github",
      "instances": []
    },
    {
      "module": "module.user_gdsnewt",
      "mode": "managed",
      "type": "github_team_membership",
      "name": "tech_team_maintainer",
      "each": "list",
      "provider": "provider.github",
      "instances": []
    },
    {
      "module": "module.user_alex_monk",
      "mode": "managed",
      "type": "github_team_membership",
      "name": "tech_team_maintainer",
      "each": "list",
      "provider": "provider.github",
      "instances": []
    },
    {
      "module": "module.user_adityapahuja",
      "mode": "managed",
      "type": "github_team_membership",
      "name": "tech_team_maintainer",
      "each": "list",
      "provider": "provider.github",
      "instances": []
    },
    {
      "module": "module.user_ronocg",
      "mode": "managed",
      "type": "github_team_membership",
      "name": "tech_team_maintainer",
      "each": "list",
      "provider": "provider.github",
      "instances": []
    },
    {
      "module": "module.user_dbes_gds",
      "mode": "managed",
      "type": "github_team_membership",
      "name": "tech_team_maintainer",
      "each": "list",
      "provider": "provider.github",
      "instances": []
    },
    {
      "module": "module.user_smford",
      "mode": "managed",
      "type": "github_team_membership",
      "name": "tech_team_maintainer",
      "each": "list",
      "provider": "provider.github",
      "instances": []
    },
    {
      "module": "module.user_idrop",
      "mode": "managed",
      "type": "github_team_membership",
      "name": "tech_team_maintainer",
      "each": "list",
      "provider": "provider.github",
      "instances": []
    },
    {
      "module": "module.user_tomrosier",
      "mode": "managed",
      "type": "github_team_membership",
      "name": "tech_team_maintainer",
      "each": "list",
      "provider": "provider.github",
      "instances": []
    },
    {
      "module": "module.user_rosa_fox",
      "mode": "managed",
      "type": "github_team_membership",
      "name": "tech_team_maintainer",
      "each": "list",
      "provider": "provider.github",
      "instances": []
    },
    {
      "module": "module.user_jhjava",
      "mode": "managed",
      "type": "github_team_membership",
      "name": "tech_team_maintainer",
      "each": "list",
      "provider": "provider.github",
      "instances": [
        {
          "index_key": 0,
          "schema_version": 0,
          "attributes": {
            "etag": "W/\"fbbe513b1db9bafe1298a7b7938dd331\"",
            "id": "2830432:JHjava",
            "role": "maintainer",
            "team_id": "2830432",
            "username": "JHjava"
          },
          "depends_on": [
            "data.github_team.tech_team"
          ]
        }
      ]
    },
    {
      "module": "module.user_sistephens",
      "mode": "managed",
      "type": "github_team_membership",
      "name": "tech_team_maintainer",
      "each": "list",
      "provider": "provider.github",
      "instances": []
    },
    {
      "module": "module.user_racinghippo",
      "mode": "managed",
      "type": "github_team_membership",
      "name": "tech_team_maintainer",
      "each": "list",
      "provider": "provider.github",
      "instances": []
    },
    {
      "module": "module.user_mariaslo",
      "mode": "managed",
      "type": "github_team_membership",
      "name": "tech_team_maintainer",
      "each": "list",
      "provider": "provider.github",
      "instances": []
    },
    {
      "module": "module.user_johnwattsgds",
      "mode": "managed",
      "type": "github_team_membership",
      "name": "tech_team_maintainer",
      "each": "list",
      "provider": "provider.github",
      "instances": []
    },
    {
      "module": "module.user_jstandring_gds",
      "mode": "managed",
      "type": "github_team_membership",
      "name": "tech_team_maintainer",
      "each": "list",
      "provider": "provider.github",
      "instances": []
    },
    {
      "module": "module.user_sarahdean",
      "mode": "managed",
      "type": "github_team_membership",
      "name": "tech_team_maintainer",
      "each": "list",
      "provider": "provider.github",
      "instances": []
    },
    {
      "module": "module.user_annecarr",
      "mode": "managed",
      "type": "github_team_membership",
      "name": "tech_team_maintainer",
      "each": "list",
      "provider": "provider.github",
      "instances": []
    },
    {
      "module": "module.user_amritsidhu",
      "mode": "managed",
      "type": "github_team_membership",
      "name": "tech_team_maintainer",
      "each": "list",
      "provider": "provider.github",
      "instances": []
    },
    {
      "module": "module.user_jkunle",
      "mode": "managed",
      "type": "github_team_membership",
      "name": "tech_team_maintainer",
      "each": "list",
      "provider": "provider.github",
      "instances": []
    },
    {
      "module": "module.user_michaelabenyohai",
      "mode": "managed",
      "type": "github_team_membership",
      "name": "tech_team_maintainer",
      "each": "list",
      "provider": "provider.github",
      "instances": [
        {
          "index_key": 0,
          "schema_version": 0,
          "attributes": {
            "etag": "W/\"8951663c0652ec21e94a767b8d393517\"",
            "id": "2830432:michaelabenyohai",
            "role": "maintainer",
            "team_id": "2830432",
            "username": "michaelabenyohai"
          },
          "depends_on": [
            "data.github_team.tech_team"
          ]
        }
      ]
    },
    {
      "module": "module.user_kerrr",
      "mode": "managed",
      "type": "github_team_membership",
      "name": "tech_team_maintainer",
      "each": "list",
      "provider": "provider.github",
      "instances": []
    },
    {
      "module": "module.user_benjamin_mortimer",
      "mode": "managed",
      "type": "github_team_membership",
      "name": "tech_team_maintainer",
      "each": "list",
      "provider": "provider.github",
      "instances": []
    },
    {
      "module": "module.user_chrisclayson",
      "mode": "managed",
      "type": "github_team_membership",
      "name": "tech_team_maintainer",
      "each": "list",
      "provider": "provider.github",
      "instances": []
    },
    {
      "module": "module.user_mrwilson",
      "mode": "managed",
      "type": "github_team_membership",
      "name": "tech_team_maintainer",
      "each": "list",
      "provider": "provider.github",
      "instances": []
    },
    {
      "module": "module.user_szd55gds",
      "mode": "managed",
      "type": "github_team_membership",
      "name": "tech_team_maintainer",
      "each": "list",
      "provider": "provider.github",
      "instances": []
    },
    {
      "module": "module.user_blairboy362",
      "mode": "managed",
      "type": "github_team_membership",
      "name": "tech_team_maintainer",
      "each": "list",
      "provider": "provider.github",
      "instances": []
    },
    {
      "module": "module.user_issyl0",
      "mode": "managed",
      "type": "github_team_membership",
      "name": "tech_team_maintainer",
      "each": "list",
      "provider": "provider.github",
      "instances": []
    },
    {
      "module": "module.user_mhussein_gds",
      "mode": "managed",
      "type": "github_team_membership",
      "name": "tech_team_maintainer",
      "each": "list",
      "provider": "provider.github",
      "instances": []
    },
    {
      "module": "module.user_galund",
      "mode": "managed",
      "type": "github_team_membership",
      "name": "tech_team_maintainer",
      "each": "list",
      "provider": "provider.github",
      "instances": []
    },
    {
      "module": "module.user_tlwr",
      "mode": "managed",
      "type": "github_team_membership",
      "name": "tech_team_maintainer",
      "each": "list",
      "provider": "provider.github",
      "instances": []
    },
    {
      "module": "module.user_andy_paine",
      "mode": "managed",
      "type": "github_team_membership",
      "name": "tech_team_maintainer",
      "each": "list",
      "provider": "provider.github",
      "instances": []
    },
    {
      "module": "module.user_zilnhoj",
      "mode": "managed",
      "type": "github_team_membership",
      "name": "tech_team_maintainer",
      "each": "list",
      "provider": "provider.github",
      "instances": []
    },
    {
      "module": "module.user_bjgill",
      "mode": "managed",
      "type": "github_team_membership",
      "name": "tech_team_maintainer",
      "each": "list",
      "provider": "provider.github",
      "instances": []
    },
    {
      "module": "module.user_alexandergeegds",
      "mode": "managed",
      "type": "github_team_membership",
      "name": "tech_team_maintainer",
      "each": "list",
      "provider": "provider.github",
      "instances": []
    },
    {
      "module": "module.user_rhowe_gds",
      "mode": "managed",
      "type": "github_team_membership",
      "name": "tech_team_maintainer",
      "each": "list",
      "provider": "provider.github",
      "instances": []
    },
    {
      "module": "module.user_alan_gds",
      "mode": "managed",
      "type": "github_team_membership",
      "name": "tech_team_maintainer",
      "each": "list",
      "provider": "provider.github",
      "instances": []
    },
    {
      "module": "module.user_nacnudus",
      "mode": "managed",
      "type": "github_team_membership",
      "name": "tech_team_maintainer",
      "each": "list",
      "provider": "provider.github",
      "instances": []
    },
    {
      "module": "module.user_danielblair",
      "mode": "managed",
      "type": "github_team_membership",
      "name": "tech_team_maintainer",
      "each": "list",
      "provider": "provider.github",
      "instances": []
    },
    {
      "module": "module.user_charlesic",
      "mode": "managed",
      "type": "github_team_membership",
      "name": "tech_team_maintainer",
      "each": "list",
      "provider": "provider.github",
      "instances": [
        {
          "index_key": 0,
          "schema_version": 0,
          "attributes": {
            "etag": "W/\"a874fa6a407086f8d5175a8991b03aa6\"",
            "id": "2830432:CharlesIC",
            "role": "maintainer",
            "team_id": "2830432",
            "username": "CharlesIC"
          },
          "depends_on": [
            "data.github_team.tech_team"
          ]
        }
      ]
    },
    {
      "module": "module.user_philandstuff",
      "mode": "managed",
      "type": "github_team_membership",
      "name": "tech_team_maintainer",
      "each": "list",
      "provider": "provider.github",
      "instances": []
    },
    {
      "module": "module.user_jakubmiarka",
      "mode": "managed",
      "type": "github_team_membership",
      "name": "tech_team_maintainer",
      "each": "list",
      "provider": "provider.github",
      "instances": [
        {
          "index_key": 0,
          "schema_version": 0,
          "attributes": {
            "etag": "W/\"a58494fb51d11564efc8d4706cb7f0ee\"",
            "id": "2830432:jakubmiarka",
            "role": "maintainer",
            "team_id": "2830432",
            "username": "jakubmiarka"
          },
          "depends_on": [
            "data.github_team.tech_team"
          ]
        }
      ]
    },
    {
      "module": "module.user_j_maynard",
      "mode": "managed",
      "type": "github_team_membership",
      "name": "tech_team_maintainer",
      "each": "list",
      "provider": "provider.github",
      "instances": []
    },
    {
      "module": "module.user_brenetic",
      "mode": "managed",
      "type": "github_team_membership",
      "name": "tech_team_maintainer",
      "each": "list",
      "provider": "provider.github",
      "instances": [
        {
          "index_key": 0,
          "schema_version": 0,
          "attributes": {
            "etag": "W/\"1cf4892dac91f3ac675d1fd801f76a86\"",
            "id": "2830432:brenetic",
            "role": "maintainer",
            "team_id": "2830432",
            "username": "brenetic"
          },
          "depends_on": [
            "data.github_team.tech_team"
          ]
        }
      ]
    },
    {
      "module": "module.user_bravegrape",
      "mode": "managed",
      "type": "github_team_membership",
      "name": "tech_team_maintainer",
      "each": "list",
      "provider": "provider.github",
      "instances": []
    },
    {
      "module": "module.user_ida_build_bot",
      "mode": "managed",
      "type": "github_team_membership",
      "name": "tech_team_maintainer",
      "each": "list",
      "provider": "provider.github",
      "instances": []
    },
    {
      "module": "module.user_coleni",
      "mode": "managed",
      "type": "github_team_membership",
      "name": "tech_team_maintainer",
      "each": "list",
      "provider": "provider.github",
      "instances": []
    },
    {
      "module": "module.user_robinmitra",
      "mode": "managed",
      "type": "github_team_membership",
      "name": "tech_team_maintainer",
      "each": "list",
      "provider": "provider.github",
      "instances": []
    },
    {
      "module": "module.user_chrisholmes",
      "mode": "managed",
      "type": "github_team_membership",
      "name": "tech_team_maintainer",
      "each": "list",
      "provider": "provider.github",
      "instances": [
        {
          "index_key": 0,
          "schema_version": 0,
          "attributes": {
            "etag": "W/\"48c21be6da6dde142e7e30ad87d90285\"",
            "id": "2830432:chrisholmes",
            "role": "maintainer",
            "team_id": "2830432",
            "username": "chrisholmes"
          },
          "depends_on": [
            "data.github_team.tech_team"
          ]
        }
      ]
    }
  ]
}
