{
  "version": 4,
  "terraform_version": "0.12.2",
  "serial": 258,
  "lineage": "7069a474-17af-c033-8243-ba2e55487134",
  "outputs": {},
  "resources": [
    {
      "module": "module.user_kerrr",
      "mode": "data",
      "type": "github_team",
      "name": "approvers_team",
      "provider": "provider.github",
      "instances": [
        {
          "schema_version": 0,
          "attributes": {
            "description": "Verify tech team: verify-tech-team-approvers",
            "id": "3101758",
            "members": [
              "idrop",
              "galund",
              "issyl0",
              "mrwilson",
              "philandstuff",
              "chrisholmes",
              "Krenair",
              "thomasalanlee",
              "mmhmm",
              "tlwr",
              "kerrr",
              "robinmitra",
              "brenetic",
              "CharlesIC",
              "sakisv",
              "ronocg",
              "Rosa-Fox",
              "chrisclayson",
              "smford",
              "blairboy362",
              "Wynndow",
              "andy-paine",
              "tomrosier",
              "bjgill",
              "michaelabenyohai",
              "bravegrape",
              "jstandring-gds",
              "mhussein-gds",
              "adityapahuja",
              "rhowe-gds"
            ],
            "name": "verify-tech-team-approvers",
            "permission": "pull",
            "privacy": "closed",
            "slug": "verify-tech-team-approvers"
          }
        }
      ]
    },
    {
      "module": "module.user_racinghippo",
      "mode": "data",
      "type": "github_team",
      "name": "approvers_team",
      "provider": "provider.github",
      "instances": [
        {
          "schema_version": 0,
          "attributes": {
            "description": "Verify tech team: verify-tech-team-approvers",
            "id": "3101758",
            "members": [
              "idrop",
              "galund",
              "issyl0",
              "mrwilson",
              "philandstuff",
              "chrisholmes",
              "Krenair",
              "thomasalanlee",
              "mmhmm",
              "tlwr",
              "kerrr",
              "robinmitra",
              "brenetic",
              "CharlesIC",
              "sakisv",
              "ronocg",
              "Rosa-Fox",
              "chrisclayson",
              "smford",
              "blairboy362",
              "Wynndow",
              "andy-paine",
              "tomrosier",
              "bjgill",
              "michaelabenyohai",
              "bravegrape",
              "jstandring-gds",
              "mhussein-gds",
              "adityapahuja",
              "rhowe-gds"
            ],
            "name": "verify-tech-team-approvers",
            "permission": "pull",
            "privacy": "closed",
            "slug": "verify-tech-team-approvers"
          }
        }
      ]
    },
    {
      "module": "module.user_rosa_fox",
      "mode": "data",
      "type": "github_team",
      "name": "approvers_team",
      "provider": "provider.github",
      "instances": [
        {
          "schema_version": 0,
          "attributes": {
            "description": "Verify tech team: verify-tech-team-approvers",
            "id": "3101758",
            "members": [
              "idrop",
              "galund",
              "issyl0",
              "mrwilson",
              "philandstuff",
              "chrisholmes",
              "Krenair",
              "thomasalanlee",
              "mmhmm",
              "tlwr",
              "kerrr",
              "robinmitra",
              "brenetic",
              "CharlesIC",
              "sakisv",
              "ronocg",
              "Rosa-Fox",
              "chrisclayson",
              "smford",
              "blairboy362",
              "Wynndow",
              "andy-paine",
              "tomrosier",
              "bjgill",
              "michaelabenyohai",
              "bravegrape",
              "jstandring-gds",
              "mhussein-gds",
              "adityapahuja",
              "rhowe-gds"
            ],
            "name": "verify-tech-team-approvers",
            "permission": "pull",
            "privacy": "closed",
            "slug": "verify-tech-team-approvers"
          }
        }
      ]
    },
    {
      "module": "module.user_idrop",
      "mode": "data",
      "type": "github_team",
      "name": "approvers_team",
      "provider": "provider.github",
      "instances": [
        {
          "schema_version": 0,
          "attributes": {
            "description": "Verify tech team: verify-tech-team-approvers",
            "id": "3101758",
            "members": [
              "idrop",
              "galund",
              "issyl0",
              "mrwilson",
              "philandstuff",
              "chrisholmes",
              "Krenair",
              "thomasalanlee",
              "mmhmm",
              "tlwr",
              "kerrr",
              "robinmitra",
              "brenetic",
              "CharlesIC",
              "sakisv",
              "ronocg",
              "Rosa-Fox",
              "chrisclayson",
              "smford",
              "blairboy362",
              "Wynndow",
              "andy-paine",
              "tomrosier",
              "bjgill",
              "michaelabenyohai",
              "bravegrape",
              "jstandring-gds",
              "mhussein-gds",
              "adityapahuja",
              "rhowe-gds"
            ],
            "name": "verify-tech-team-approvers",
            "permission": "pull",
            "privacy": "closed",
            "slug": "verify-tech-team-approvers"
          }
        }
      ]
    },
    {
      "module": "module.user_brenetic",
      "mode": "data",
      "type": "github_team",
      "name": "approvers_team",
      "provider": "provider.github",
      "instances": [
        {
          "schema_version": 0,
          "attributes": {
            "description": "Verify tech team: verify-tech-team-approvers",
            "id": "3101758",
            "members": [
              "idrop",
              "galund",
              "issyl0",
              "mrwilson",
              "philandstuff",
              "chrisholmes",
              "Krenair",
              "thomasalanlee",
              "mmhmm",
              "tlwr",
              "kerrr",
              "robinmitra",
              "brenetic",
              "CharlesIC",
              "sakisv",
              "ronocg",
              "Rosa-Fox",
              "chrisclayson",
              "smford",
              "blairboy362",
              "Wynndow",
              "andy-paine",
              "tomrosier",
              "bjgill",
              "michaelabenyohai",
              "bravegrape",
              "jstandring-gds",
              "mhussein-gds",
              "adityapahuja",
              "rhowe-gds"
            ],
            "name": "verify-tech-team-approvers",
            "permission": "pull",
            "privacy": "closed",
            "slug": "verify-tech-team-approvers"
          }
        }
      ]
    },
    {
      "module": "module.user_tlwr",
      "mode": "data",
      "type": "github_team",
      "name": "approvers_team",
      "provider": "provider.github",
      "instances": [
        {
          "schema_version": 0,
          "attributes": {
            "description": "Verify tech team: verify-tech-team-approvers",
            "id": "3101758",
            "members": [
              "idrop",
              "galund",
              "issyl0",
              "mrwilson",
              "philandstuff",
              "chrisholmes",
              "Krenair",
              "thomasalanlee",
              "mmhmm",
              "tlwr",
              "kerrr",
              "robinmitra",
              "brenetic",
              "CharlesIC",
              "sakisv",
              "ronocg",
              "Rosa-Fox",
              "chrisclayson",
              "smford",
              "blairboy362",
              "Wynndow",
              "andy-paine",
              "tomrosier",
              "bjgill",
              "michaelabenyohai",
              "bravegrape",
              "jstandring-gds",
              "mhussein-gds",
              "adityapahuja",
              "rhowe-gds"
            ],
            "name": "verify-tech-team-approvers",
            "permission": "pull",
            "privacy": "closed",
            "slug": "verify-tech-team-approvers"
          }
        }
      ]
    },
    {
      "module": "module.user_chrisholmes",
      "mode": "data",
      "type": "github_team",
      "name": "approvers_team",
      "provider": "provider.github",
      "instances": [
        {
          "schema_version": 0,
          "attributes": {
            "description": "Verify tech team: verify-tech-team-approvers",
            "id": "3101758",
            "members": [
              "idrop",
              "galund",
              "issyl0",
              "mrwilson",
              "philandstuff",
              "chrisholmes",
              "Krenair",
              "thomasalanlee",
              "mmhmm",
              "tlwr",
              "kerrr",
              "robinmitra",
              "brenetic",
              "CharlesIC",
              "sakisv",
              "ronocg",
              "Rosa-Fox",
              "chrisclayson",
              "smford",
              "blairboy362",
              "Wynndow",
              "andy-paine",
              "tomrosier",
              "bjgill",
              "michaelabenyohai",
              "bravegrape",
              "jstandring-gds",
              "mhussein-gds",
              "adityapahuja",
              "rhowe-gds"
            ],
            "name": "verify-tech-team-approvers",
            "permission": "pull",
            "privacy": "closed",
            "slug": "verify-tech-team-approvers"
          }
        }
      ]
    },
    {
      "module": "module.user_zilnhoj",
      "mode": "data",
      "type": "github_team",
      "name": "approvers_team",
      "provider": "provider.github",
      "instances": [
        {
          "schema_version": 0,
          "attributes": {
            "description": "Verify tech team: verify-tech-team-approvers",
            "id": "3101758",
            "members": [
              "idrop",
              "galund",
              "issyl0",
              "mrwilson",
              "philandstuff",
              "chrisholmes",
              "Krenair",
              "thomasalanlee",
              "mmhmm",
              "tlwr",
              "kerrr",
              "robinmitra",
              "brenetic",
              "CharlesIC",
              "sakisv",
              "ronocg",
              "Rosa-Fox",
              "chrisclayson",
              "smford",
              "blairboy362",
              "Wynndow",
              "andy-paine",
              "tomrosier",
              "bjgill",
              "michaelabenyohai",
              "bravegrape",
              "jstandring-gds",
              "mhussein-gds",
              "adityapahuja",
              "rhowe-gds"
            ],
            "name": "verify-tech-team-approvers",
            "permission": "pull",
            "privacy": "closed",
            "slug": "verify-tech-team-approvers"
          }
        }
      ]
    },
    {
      "module": "module.user_danielblair",
      "mode": "data",
      "type": "github_team",
      "name": "approvers_team",
      "provider": "provider.github",
      "instances": [
        {
          "schema_version": 0,
          "attributes": {
            "description": "Verify tech team: verify-tech-team-approvers",
            "id": "3101758",
            "members": [
              "idrop",
              "galund",
              "issyl0",
              "mrwilson",
              "philandstuff",
              "chrisholmes",
              "Krenair",
              "thomasalanlee",
              "mmhmm",
              "tlwr",
              "kerrr",
              "robinmitra",
              "brenetic",
              "CharlesIC",
              "sakisv",
              "ronocg",
              "Rosa-Fox",
              "chrisclayson",
              "smford",
              "blairboy362",
              "Wynndow",
              "andy-paine",
              "tomrosier",
              "bjgill",
              "michaelabenyohai",
              "bravegrape",
              "jstandring-gds",
              "mhussein-gds",
              "adityapahuja",
              "rhowe-gds"
            ],
            "name": "verify-tech-team-approvers",
            "permission": "pull",
            "privacy": "closed",
            "slug": "verify-tech-team-approvers"
          }
        }
      ]
    },
    {
      "module": "module.user_nacnudus",
      "mode": "data",
      "type": "github_team",
      "name": "approvers_team",
      "provider": "provider.github",
      "instances": [
        {
          "schema_version": 0,
          "attributes": {
            "description": "Verify tech team: verify-tech-team-approvers",
            "id": "3101758",
            "members": [
              "idrop",
              "galund",
              "issyl0",
              "mrwilson",
              "philandstuff",
              "chrisholmes",
              "Krenair",
              "thomasalanlee",
              "mmhmm",
              "tlwr",
              "kerrr",
              "robinmitra",
              "brenetic",
              "CharlesIC",
              "sakisv",
              "ronocg",
              "Rosa-Fox",
              "chrisclayson",
              "smford",
              "blairboy362",
              "Wynndow",
              "andy-paine",
              "tomrosier",
              "bjgill",
              "michaelabenyohai",
              "bravegrape",
              "jstandring-gds",
              "mhussein-gds",
              "adityapahuja",
              "rhowe-gds"
            ],
            "name": "verify-tech-team-approvers",
            "permission": "pull",
            "privacy": "closed",
            "slug": "verify-tech-team-approvers"
          }
        }
      ]
    },
    {
      "module": "module.user_alex_monk",
      "mode": "data",
      "type": "github_team",
      "name": "approvers_team",
      "provider": "provider.github",
      "instances": [
        {
          "schema_version": 0,
          "attributes": {
            "description": "Verify tech team: verify-tech-team-approvers",
            "id": "3101758",
            "members": [
              "idrop",
              "galund",
              "issyl0",
              "mrwilson",
              "philandstuff",
              "chrisholmes",
              "Krenair",
              "thomasalanlee",
              "mmhmm",
              "tlwr",
              "kerrr",
              "robinmitra",
              "brenetic",
              "CharlesIC",
              "sakisv",
              "ronocg",
              "Rosa-Fox",
              "chrisclayson",
              "smford",
              "blairboy362",
              "Wynndow",
              "andy-paine",
              "tomrosier",
              "bjgill",
              "michaelabenyohai",
              "bravegrape",
              "jstandring-gds",
              "mhussein-gds",
              "adityapahuja",
              "rhowe-gds"
            ],
            "name": "verify-tech-team-approvers",
            "permission": "pull",
            "privacy": "closed",
            "slug": "verify-tech-team-approvers"
          }
        }
      ]
    },
    {
      "module": "module.user_alexandergeegds",
      "mode": "data",
      "type": "github_team",
      "name": "approvers_team",
      "provider": "provider.github",
      "instances": [
        {
          "schema_version": 0,
          "attributes": {
            "description": "Verify tech team: verify-tech-team-approvers",
            "id": "3101758",
            "members": [
              "idrop",
              "galund",
              "issyl0",
              "mrwilson",
              "philandstuff",
              "chrisholmes",
              "Krenair",
              "thomasalanlee",
              "mmhmm",
              "tlwr",
              "kerrr",
              "robinmitra",
              "brenetic",
              "CharlesIC",
              "sakisv",
              "ronocg",
              "Rosa-Fox",
              "chrisclayson",
              "smford",
              "blairboy362",
              "Wynndow",
              "andy-paine",
              "tomrosier",
              "bjgill",
              "michaelabenyohai",
              "bravegrape",
              "jstandring-gds",
              "mhussein-gds",
              "adityapahuja",
              "rhowe-gds"
            ],
            "name": "verify-tech-team-approvers",
            "permission": "pull",
            "privacy": "closed",
            "slug": "verify-tech-team-approvers"
          }
        }
      ]
    },
    {
      "module": "module.user_jakubmiarka",
      "mode": "data",
      "type": "github_team",
      "name": "approvers_team",
      "provider": "provider.github",
      "instances": [
        {
          "schema_version": 0,
          "attributes": {
            "description": "Verify tech team: verify-tech-team-approvers",
            "id": "3101758",
            "members": [
              "idrop",
              "galund",
              "issyl0",
              "mrwilson",
              "philandstuff",
              "chrisholmes",
              "Krenair",
              "thomasalanlee",
              "mmhmm",
              "tlwr",
              "kerrr",
              "robinmitra",
              "brenetic",
              "CharlesIC",
              "sakisv",
              "ronocg",
              "Rosa-Fox",
              "chrisclayson",
              "smford",
              "blairboy362",
              "Wynndow",
              "andy-paine",
              "tomrosier",
              "bjgill",
              "michaelabenyohai",
              "bravegrape",
              "jstandring-gds",
              "mhussein-gds",
              "adityapahuja",
              "rhowe-gds"
            ],
            "name": "verify-tech-team-approvers",
            "permission": "pull",
            "privacy": "closed",
            "slug": "verify-tech-team-approvers"
          }
        }
      ]
    },
    {
      "module": "module.user_johnwattsgds",
      "mode": "data",
      "type": "github_team",
      "name": "approvers_team",
      "provider": "provider.github",
      "instances": [
        {
          "schema_version": 0,
          "attributes": {
            "description": "Verify tech team: verify-tech-team-approvers",
            "id": "3101758",
            "members": [
              "idrop",
              "galund",
              "issyl0",
              "mrwilson",
              "philandstuff",
              "chrisholmes",
              "Krenair",
              "thomasalanlee",
              "mmhmm",
              "tlwr",
              "kerrr",
              "robinmitra",
              "brenetic",
              "CharlesIC",
              "sakisv",
              "ronocg",
              "Rosa-Fox",
              "chrisclayson",
              "smford",
              "blairboy362",
              "Wynndow",
              "andy-paine",
              "tomrosier",
              "bjgill",
              "michaelabenyohai",
              "bravegrape",
              "jstandring-gds",
              "mhussein-gds",
              "adityapahuja",
              "rhowe-gds"
            ],
            "name": "verify-tech-team-approvers",
            "permission": "pull",
            "privacy": "closed",
            "slug": "verify-tech-team-approvers"
          }
        }
      ]
    },
    {
      "module": "module.user_j_maynard",
      "mode": "data",
      "type": "github_team",
      "name": "approvers_team",
      "provider": "provider.github",
      "instances": [
        {
          "schema_version": 0,
          "attributes": {
            "description": "Verify tech team: verify-tech-team-approvers",
            "id": "3101758",
            "members": [
              "idrop",
              "galund",
              "issyl0",
              "mrwilson",
              "philandstuff",
              "chrisholmes",
              "Krenair",
              "thomasalanlee",
              "mmhmm",
              "tlwr",
              "kerrr",
              "robinmitra",
              "brenetic",
              "CharlesIC",
              "sakisv",
              "ronocg",
              "Rosa-Fox",
              "chrisclayson",
              "smford",
              "blairboy362",
              "Wynndow",
              "andy-paine",
              "tomrosier",
              "bjgill",
              "michaelabenyohai",
              "bravegrape",
              "jstandring-gds",
              "mhussein-gds",
              "adityapahuja",
              "rhowe-gds"
            ],
            "name": "verify-tech-team-approvers",
            "permission": "pull",
            "privacy": "closed",
            "slug": "verify-tech-team-approvers"
          }
        }
      ]
    },
    {
      "module": "module.user_sistephens",
      "mode": "data",
      "type": "github_team",
      "name": "approvers_team",
      "provider": "provider.github",
      "instances": [
        {
          "schema_version": 0,
          "attributes": {
            "description": "Verify tech team: verify-tech-team-approvers",
            "id": "3101758",
            "members": [
              "idrop",
              "galund",
              "issyl0",
              "mrwilson",
              "philandstuff",
              "chrisholmes",
              "Krenair",
              "thomasalanlee",
              "mmhmm",
              "tlwr",
              "kerrr",
              "robinmitra",
              "brenetic",
              "CharlesIC",
              "sakisv",
              "ronocg",
              "Rosa-Fox",
              "chrisclayson",
              "smford",
              "blairboy362",
              "Wynndow",
              "andy-paine",
              "tomrosier",
              "bjgill",
              "michaelabenyohai",
              "bravegrape",
              "jstandring-gds",
              "mhussein-gds",
              "adityapahuja",
              "rhowe-gds"
            ],
            "name": "verify-tech-team-approvers",
            "permission": "pull",
            "privacy": "closed",
            "slug": "verify-tech-team-approvers"
          }
        }
      ]
    },
    {
      "module": "module.user_galund",
      "mode": "data",
      "type": "github_team",
      "name": "approvers_team",
      "provider": "provider.github",
      "instances": [
        {
          "schema_version": 0,
          "attributes": {
            "description": "Verify tech team: verify-tech-team-approvers",
            "id": "3101758",
            "members": [
              "idrop",
              "galund",
              "issyl0",
              "mrwilson",
              "philandstuff",
              "chrisholmes",
              "Krenair",
              "thomasalanlee",
              "mmhmm",
              "tlwr",
              "kerrr",
              "robinmitra",
              "brenetic",
              "CharlesIC",
              "sakisv",
              "ronocg",
              "Rosa-Fox",
              "chrisclayson",
              "smford",
              "blairboy362",
              "Wynndow",
              "andy-paine",
              "tomrosier",
              "bjgill",
              "michaelabenyohai",
              "bravegrape",
              "jstandring-gds",
              "mhussein-gds",
              "adityapahuja",
              "rhowe-gds"
            ],
            "name": "verify-tech-team-approvers",
            "permission": "pull",
            "privacy": "closed",
            "slug": "verify-tech-team-approvers"
          }
        }
      ]
    },
    {
      "module": "module.user_jstandring_gds",
      "mode": "data",
      "type": "github_team",
      "name": "approvers_team",
      "provider": "provider.github",
      "instances": [
        {
          "schema_version": 0,
          "attributes": {
            "description": "Verify tech team: verify-tech-team-approvers",
            "id": "3101758",
            "members": [
              "idrop",
              "galund",
              "issyl0",
              "mrwilson",
              "philandstuff",
              "chrisholmes",
              "Krenair",
              "thomasalanlee",
              "mmhmm",
              "tlwr",
              "kerrr",
              "robinmitra",
              "brenetic",
              "CharlesIC",
              "sakisv",
              "ronocg",
              "Rosa-Fox",
              "chrisclayson",
              "smford",
              "blairboy362",
              "Wynndow",
              "andy-paine",
              "tomrosier",
              "bjgill",
              "michaelabenyohai",
              "bravegrape",
              "jstandring-gds",
              "mhussein-gds",
              "adityapahuja",
              "rhowe-gds"
            ],
            "name": "verify-tech-team-approvers",
            "permission": "pull",
            "privacy": "closed",
            "slug": "verify-tech-team-approvers"
          }
        }
      ]
    },
    {
      "module": "module.user_annecarr",
      "mode": "data",
      "type": "github_team",
      "name": "approvers_team",
      "provider": "provider.github",
      "instances": [
        {
          "schema_version": 0,
          "attributes": {
            "description": "Verify tech team: verify-tech-team-approvers",
            "id": "3101758",
            "members": [
              "idrop",
              "galund",
              "issyl0",
              "mrwilson",
              "philandstuff",
              "chrisholmes",
              "Krenair",
              "thomasalanlee",
              "mmhmm",
              "tlwr",
              "kerrr",
              "robinmitra",
              "brenetic",
              "CharlesIC",
              "sakisv",
              "ronocg",
              "Rosa-Fox",
              "chrisclayson",
              "smford",
              "blairboy362",
              "Wynndow",
              "andy-paine",
              "tomrosier",
              "bjgill",
              "michaelabenyohai",
              "bravegrape",
              "jstandring-gds",
              "mhussein-gds",
              "adityapahuja",
              "rhowe-gds"
            ],
            "name": "verify-tech-team-approvers",
            "permission": "pull",
            "privacy": "closed",
            "slug": "verify-tech-team-approvers"
          }
        }
      ]
    },
    {
      "module": "module.user_todai88",
      "mode": "data",
      "type": "github_team",
      "name": "approvers_team",
      "provider": "provider.github",
      "instances": [
        {
          "schema_version": 0,
          "attributes": {
            "description": "Verify tech team: verify-tech-team-approvers",
            "id": "3101758",
            "members": [
              "idrop",
              "galund",
              "issyl0",
              "mrwilson",
              "philandstuff",
              "chrisholmes",
              "Krenair",
              "thomasalanlee",
              "mmhmm",
              "tlwr",
              "kerrr",
              "robinmitra",
              "brenetic",
              "CharlesIC",
              "sakisv",
              "ronocg",
              "Rosa-Fox",
              "chrisclayson",
              "smford",
              "blairboy362",
              "Wynndow",
              "andy-paine",
              "tomrosier",
              "bjgill",
              "michaelabenyohai",
              "bravegrape",
              "jstandring-gds",
              "mhussein-gds",
              "adityapahuja",
              "rhowe-gds"
            ],
            "name": "verify-tech-team-approvers",
            "permission": "pull",
            "privacy": "closed",
            "slug": "verify-tech-team-approvers"
          }
        }
      ]
    },
    {
      "module": "module.user_benjamin_mortimer",
      "mode": "data",
      "type": "github_team",
      "name": "approvers_team",
      "provider": "provider.github",
      "instances": [
        {
          "schema_version": 0,
          "attributes": {
            "description": "Verify tech team: verify-tech-team-approvers",
            "id": "3101758",
            "members": [
              "idrop",
              "galund",
              "issyl0",
              "mrwilson",
              "philandstuff",
              "chrisholmes",
              "Krenair",
              "thomasalanlee",
              "mmhmm",
              "tlwr",
              "kerrr",
              "robinmitra",
              "brenetic",
              "CharlesIC",
              "sakisv",
              "ronocg",
              "Rosa-Fox",
              "chrisclayson",
              "smford",
              "blairboy362",
              "Wynndow",
              "andy-paine",
              "tomrosier",
              "bjgill",
              "michaelabenyohai",
              "bravegrape",
              "jstandring-gds",
              "mhussein-gds",
              "adityapahuja",
              "rhowe-gds"
            ],
            "name": "verify-tech-team-approvers",
            "permission": "pull",
            "privacy": "closed",
            "slug": "verify-tech-team-approvers"
          }
        }
      ]
    },
    {
      "module": "module.user_amritsidhu",
      "mode": "data",
      "type": "github_team",
      "name": "approvers_team",
      "provider": "provider.github",
      "instances": [
        {
          "schema_version": 0,
          "attributes": {
            "description": "Verify tech team: verify-tech-team-approvers",
            "id": "3101758",
            "members": [
              "idrop",
              "galund",
              "issyl0",
              "mrwilson",
              "philandstuff",
              "chrisholmes",
              "Krenair",
              "thomasalanlee",
              "mmhmm",
              "tlwr",
              "kerrr",
              "robinmitra",
              "brenetic",
              "CharlesIC",
              "sakisv",
              "ronocg",
              "Rosa-Fox",
              "chrisclayson",
              "smford",
              "blairboy362",
              "Wynndow",
              "andy-paine",
              "tomrosier",
              "bjgill",
              "michaelabenyohai",
              "bravegrape",
              "jstandring-gds",
              "mhussein-gds",
              "adityapahuja",
              "rhowe-gds"
            ],
            "name": "verify-tech-team-approvers",
            "permission": "pull",
            "privacy": "closed",
            "slug": "verify-tech-team-approvers"
          }
        }
      ]
    },
    {
      "module": "module.user_jkunle",
      "mode": "data",
      "type": "github_team",
      "name": "approvers_team",
      "provider": "provider.github",
      "instances": [
        {
          "schema_version": 0,
          "attributes": {
            "description": "Verify tech team: verify-tech-team-approvers",
            "id": "3101758",
            "members": [
              "idrop",
              "galund",
              "issyl0",
              "mrwilson",
              "philandstuff",
              "chrisholmes",
              "Krenair",
              "thomasalanlee",
              "mmhmm",
              "tlwr",
              "kerrr",
              "robinmitra",
              "brenetic",
              "CharlesIC",
              "sakisv",
              "ronocg",
              "Rosa-Fox",
              "chrisclayson",
              "smford",
              "blairboy362",
              "Wynndow",
              "andy-paine",
              "tomrosier",
              "bjgill",
              "michaelabenyohai",
              "bravegrape",
              "jstandring-gds",
              "mhussein-gds",
              "adityapahuja",
              "rhowe-gds"
            ],
            "name": "verify-tech-team-approvers",
            "permission": "pull",
            "privacy": "closed",
            "slug": "verify-tech-team-approvers"
          }
        }
      ]
    },
    {
      "module": "module.user_gdsnewt",
      "mode": "data",
      "type": "github_team",
      "name": "approvers_team",
      "provider": "provider.github",
      "instances": [
        {
          "schema_version": 0,
          "attributes": {
            "description": "Verify tech team: verify-tech-team-approvers",
            "id": "3101758",
            "members": [
              "idrop",
              "galund",
              "issyl0",
              "mrwilson",
              "philandstuff",
              "chrisholmes",
              "Krenair",
              "thomasalanlee",
              "mmhmm",
              "tlwr",
              "kerrr",
              "robinmitra",
              "brenetic",
              "CharlesIC",
              "sakisv",
              "ronocg",
              "Rosa-Fox",
              "chrisclayson",
              "smford",
              "blairboy362",
              "Wynndow",
              "andy-paine",
              "tomrosier",
              "bjgill",
              "michaelabenyohai",
              "bravegrape",
              "jstandring-gds",
              "mhussein-gds",
              "adityapahuja",
              "rhowe-gds"
            ],
            "name": "verify-tech-team-approvers",
            "permission": "pull",
            "privacy": "closed",
            "slug": "verify-tech-team-approvers"
          }
        }
      ]
    },
    {
      "module": "module.user_mmhmm",
      "mode": "data",
      "type": "github_team",
      "name": "approvers_team",
      "provider": "provider.github",
      "instances": [
        {
          "schema_version": 0,
          "attributes": {
            "description": "Verify tech team: verify-tech-team-approvers",
            "id": "3101758",
            "members": [
              "idrop",
              "galund",
              "issyl0",
              "mrwilson",
              "philandstuff",
              "chrisholmes",
              "Krenair",
              "thomasalanlee",
              "mmhmm",
              "tlwr",
              "kerrr",
              "robinmitra",
              "brenetic",
              "CharlesIC",
              "sakisv",
              "ronocg",
              "Rosa-Fox",
              "chrisclayson",
              "smford",
              "blairboy362",
              "Wynndow",
              "andy-paine",
              "tomrosier",
              "bjgill",
              "michaelabenyohai",
              "bravegrape",
              "jstandring-gds",
              "mhussein-gds",
              "adityapahuja",
              "rhowe-gds"
            ],
            "name": "verify-tech-team-approvers",
            "permission": "pull",
            "privacy": "closed",
            "slug": "verify-tech-team-approvers"
          }
        }
      ]
    },
    {
      "module": "module.user_smford",
      "mode": "data",
      "type": "github_team",
      "name": "approvers_team",
      "provider": "provider.github",
      "instances": [
        {
          "schema_version": 0,
          "attributes": {
            "description": "Verify tech team: verify-tech-team-approvers",
            "id": "3101758",
            "members": [
              "idrop",
              "galund",
              "issyl0",
              "mrwilson",
              "philandstuff",
              "chrisholmes",
              "Krenair",
              "thomasalanlee",
              "mmhmm",
              "tlwr",
              "kerrr",
              "robinmitra",
              "brenetic",
              "CharlesIC",
              "sakisv",
              "ronocg",
              "Rosa-Fox",
              "chrisclayson",
              "smford",
              "blairboy362",
              "Wynndow",
              "andy-paine",
              "tomrosier",
              "bjgill",
              "michaelabenyohai",
              "bravegrape",
              "jstandring-gds",
              "mhussein-gds",
              "adityapahuja",
              "rhowe-gds"
            ],
            "name": "verify-tech-team-approvers",
            "permission": "pull",
            "privacy": "closed",
            "slug": "verify-tech-team-approvers"
          }
        }
      ]
    },
    {
      "module": "module.user_chrisclayson",
      "mode": "data",
      "type": "github_team",
      "name": "approvers_team",
      "provider": "provider.github",
      "instances": [
        {
          "schema_version": 0,
          "attributes": {
            "description": "Verify tech team: verify-tech-team-approvers",
            "id": "3101758",
            "members": [
              "idrop",
              "galund",
              "issyl0",
              "mrwilson",
              "philandstuff",
              "chrisholmes",
              "Krenair",
              "thomasalanlee",
              "mmhmm",
              "tlwr",
              "kerrr",
              "robinmitra",
              "brenetic",
              "CharlesIC",
              "sakisv",
              "ronocg",
              "Rosa-Fox",
              "chrisclayson",
              "smford",
              "blairboy362",
              "Wynndow",
              "andy-paine",
              "tomrosier",
              "bjgill",
              "michaelabenyohai",
              "bravegrape",
              "jstandring-gds",
              "mhussein-gds",
              "adityapahuja",
              "rhowe-gds"
            ],
            "name": "verify-tech-team-approvers",
            "permission": "pull",
            "privacy": "closed",
            "slug": "verify-tech-team-approvers"
          }
        }
      ]
    },
    {
      "module": "module.user_instantiator",
      "mode": "data",
      "type": "github_team",
      "name": "approvers_team",
      "provider": "provider.github",
      "instances": [
        {
          "schema_version": 0,
          "attributes": {
            "description": "Verify tech team: verify-tech-team-approvers",
            "id": "3101758",
            "members": [
              "idrop",
              "galund",
              "issyl0",
              "mrwilson",
              "philandstuff",
              "chrisholmes",
              "Krenair",
              "thomasalanlee",
              "mmhmm",
              "tlwr",
              "kerrr",
              "robinmitra",
              "brenetic",
              "CharlesIC",
              "sakisv",
              "ronocg",
              "Rosa-Fox",
              "chrisclayson",
              "smford",
              "blairboy362",
              "Wynndow",
              "andy-paine",
              "tomrosier",
              "bjgill",
              "michaelabenyohai",
              "bravegrape",
              "jstandring-gds",
              "mhussein-gds",
              "adityapahuja",
              "rhowe-gds"
            ],
            "name": "verify-tech-team-approvers",
            "permission": "pull",
            "privacy": "closed",
            "slug": "verify-tech-team-approvers"
          }
        }
      ]
    },
    {
      "module": "module.user_sakisv",
      "mode": "data",
      "type": "github_team",
      "name": "approvers_team",
      "provider": "provider.github",
      "instances": [
        {
          "schema_version": 0,
          "attributes": {
            "description": "Verify tech team: verify-tech-team-approvers",
            "id": "3101758",
            "members": [
              "idrop",
              "galund",
              "issyl0",
              "mrwilson",
              "philandstuff",
              "chrisholmes",
              "Krenair",
              "thomasalanlee",
              "mmhmm",
              "tlwr",
              "kerrr",
              "robinmitra",
              "brenetic",
              "CharlesIC",
              "sakisv",
              "ronocg",
              "Rosa-Fox",
              "chrisclayson",
              "smford",
              "blairboy362",
              "Wynndow",
              "andy-paine",
              "tomrosier",
              "bjgill",
              "michaelabenyohai",
              "bravegrape",
              "jstandring-gds",
              "mhussein-gds",
              "adityapahuja",
              "rhowe-gds"
            ],
            "name": "verify-tech-team-approvers",
            "permission": "pull",
            "privacy": "closed",
            "slug": "verify-tech-team-approvers"
          }
        }
      ]
    },
    {
      "module": "module.user_philandstuff",
      "mode": "data",
      "type": "github_team",
      "name": "approvers_team",
      "provider": "provider.github",
      "instances": [
        {
          "schema_version": 0,
          "attributes": {
            "description": "Verify tech team: verify-tech-team-approvers",
            "id": "3101758",
            "members": [
              "idrop",
              "galund",
              "issyl0",
              "mrwilson",
              "philandstuff",
              "chrisholmes",
              "Krenair",
              "thomasalanlee",
              "mmhmm",
              "tlwr",
              "kerrr",
              "robinmitra",
              "brenetic",
              "CharlesIC",
              "sakisv",
              "ronocg",
              "Rosa-Fox",
              "chrisclayson",
              "smford",
              "blairboy362",
              "Wynndow",
              "andy-paine",
              "tomrosier",
              "bjgill",
              "michaelabenyohai",
              "bravegrape",
              "jstandring-gds",
              "mhussein-gds",
              "adityapahuja",
              "rhowe-gds"
            ],
            "name": "verify-tech-team-approvers",
            "permission": "pull",
            "privacy": "closed",
            "slug": "verify-tech-team-approvers"
          }
        }
      ]
    },
    {
      "module": "module.user_issyl0",
      "mode": "data",
      "type": "github_team",
      "name": "approvers_team",
      "provider": "provider.github",
      "instances": [
        {
          "schema_version": 0,
          "attributes": {
            "description": "Verify tech team: verify-tech-team-approvers",
            "id": "3101758",
            "members": [
              "idrop",
              "galund",
              "issyl0",
              "mrwilson",
              "philandstuff",
              "chrisholmes",
              "Krenair",
              "thomasalanlee",
              "mmhmm",
              "tlwr",
              "kerrr",
              "robinmitra",
              "brenetic",
              "CharlesIC",
              "sakisv",
              "ronocg",
              "Rosa-Fox",
              "chrisclayson",
              "smford",
              "blairboy362",
              "Wynndow",
              "andy-paine",
              "tomrosier",
              "bjgill",
              "michaelabenyohai",
              "bravegrape",
              "jstandring-gds",
              "mhussein-gds",
              "adityapahuja",
              "rhowe-gds"
            ],
            "name": "verify-tech-team-approvers",
            "permission": "pull",
            "privacy": "closed",
            "slug": "verify-tech-team-approvers"
          }
        }
      ]
    },
    {
      "module": "module.user_alan_gds",
      "mode": "data",
      "type": "github_team",
      "name": "approvers_team",
      "provider": "provider.github",
      "instances": [
        {
          "schema_version": 0,
          "attributes": {
            "description": "Verify tech team: verify-tech-team-approvers",
            "id": "3101758",
            "members": [
              "idrop",
              "galund",
              "issyl0",
              "mrwilson",
              "philandstuff",
              "chrisholmes",
              "Krenair",
              "thomasalanlee",
              "mmhmm",
              "tlwr",
              "kerrr",
              "robinmitra",
              "brenetic",
              "CharlesIC",
              "sakisv",
              "ronocg",
              "Rosa-Fox",
              "chrisclayson",
              "smford",
              "blairboy362",
              "Wynndow",
              "andy-paine",
              "tomrosier",
              "bjgill",
              "michaelabenyohai",
              "bravegrape",
              "jstandring-gds",
              "mhussein-gds",
              "adityapahuja",
              "rhowe-gds"
            ],
            "name": "verify-tech-team-approvers",
            "permission": "pull",
            "privacy": "closed",
            "slug": "verify-tech-team-approvers"
          }
        }
      ]
    },
    {
      "module": "module.user_rhowe_gds",
      "mode": "data",
      "type": "github_team",
      "name": "approvers_team",
      "provider": "provider.github",
      "instances": [
        {
          "schema_version": 0,
          "attributes": {
            "description": "Verify tech team: verify-tech-team-approvers",
            "id": "3101758",
            "members": [
              "idrop",
              "galund",
              "issyl0",
              "mrwilson",
              "philandstuff",
              "chrisholmes",
              "Krenair",
              "thomasalanlee",
              "mmhmm",
              "tlwr",
              "kerrr",
              "robinmitra",
              "brenetic",
              "CharlesIC",
              "sakisv",
              "ronocg",
              "Rosa-Fox",
              "chrisclayson",
              "smford",
              "blairboy362",
              "Wynndow",
              "andy-paine",
              "tomrosier",
              "bjgill",
              "michaelabenyohai",
              "bravegrape",
              "jstandring-gds",
              "mhussein-gds",
              "adityapahuja",
              "rhowe-gds"
            ],
            "name": "verify-tech-team-approvers",
            "permission": "pull",
            "privacy": "closed",
            "slug": "verify-tech-team-approvers"
          }
        }
      ]
    },
    {
      "module": "module.user_charlesic",
      "mode": "data",
      "type": "github_team",
      "name": "approvers_team",
      "provider": "provider.github",
      "instances": [
        {
          "schema_version": 0,
          "attributes": {
            "description": "Verify tech team: verify-tech-team-approvers",
            "id": "3101758",
            "members": [
              "idrop",
              "galund",
              "issyl0",
              "mrwilson",
              "philandstuff",
              "chrisholmes",
              "Krenair",
              "thomasalanlee",
              "mmhmm",
              "tlwr",
              "kerrr",
              "robinmitra",
              "brenetic",
              "CharlesIC",
              "sakisv",
              "ronocg",
              "Rosa-Fox",
              "chrisclayson",
              "smford",
              "blairboy362",
              "Wynndow",
              "andy-paine",
              "tomrosier",
              "bjgill",
              "michaelabenyohai",
              "bravegrape",
              "jstandring-gds",
              "mhussein-gds",
              "adityapahuja",
              "rhowe-gds"
            ],
            "name": "verify-tech-team-approvers",
            "permission": "pull",
            "privacy": "closed",
            "slug": "verify-tech-team-approvers"
          }
        }
      ]
    },
    {
      "module": "module.user_coleni",
      "mode": "data",
      "type": "github_team",
      "name": "approvers_team",
      "provider": "provider.github",
      "instances": [
        {
          "schema_version": 0,
          "attributes": {
            "description": "Verify tech team: verify-tech-team-approvers",
            "id": "3101758",
            "members": [
              "idrop",
              "galund",
              "issyl0",
              "mrwilson",
              "philandstuff",
              "chrisholmes",
              "Krenair",
              "thomasalanlee",
              "mmhmm",
              "tlwr",
              "kerrr",
              "robinmitra",
              "brenetic",
              "CharlesIC",
              "sakisv",
              "ronocg",
              "Rosa-Fox",
              "chrisclayson",
              "smford",
              "blairboy362",
              "Wynndow",
              "andy-paine",
              "tomrosier",
              "bjgill",
              "michaelabenyohai",
              "bravegrape",
              "jstandring-gds",
              "mhussein-gds",
              "adityapahuja",
              "rhowe-gds"
            ],
            "name": "verify-tech-team-approvers",
            "permission": "pull",
            "privacy": "closed",
            "slug": "verify-tech-team-approvers"
          }
        }
      ]
    },
    {
      "module": "module.user_bjgill",
      "mode": "data",
      "type": "github_team",
      "name": "approvers_team",
      "provider": "provider.github",
      "instances": [
        {
          "schema_version": 0,
          "attributes": {
            "description": "Verify tech team: verify-tech-team-approvers",
            "id": "3101758",
            "members": [
              "idrop",
              "galund",
              "issyl0",
              "mrwilson",
              "philandstuff",
              "chrisholmes",
              "Krenair",
              "thomasalanlee",
              "mmhmm",
              "tlwr",
              "kerrr",
              "robinmitra",
              "brenetic",
              "CharlesIC",
              "sakisv",
              "ronocg",
              "Rosa-Fox",
              "chrisclayson",
              "smford",
              "blairboy362",
              "Wynndow",
              "andy-paine",
              "tomrosier",
              "bjgill",
              "michaelabenyohai",
              "bravegrape",
              "jstandring-gds",
              "mhussein-gds",
              "adityapahuja",
              "rhowe-gds"
            ],
            "name": "verify-tech-team-approvers",
            "permission": "pull",
            "privacy": "closed",
            "slug": "verify-tech-team-approvers"
          }
        }
      ]
    },
    {
      "module": "module.user_blairboy362",
      "mode": "data",
      "type": "github_team",
      "name": "approvers_team",
      "provider": "provider.github",
      "instances": [
        {
          "schema_version": 0,
          "attributes": {
            "description": "Verify tech team: verify-tech-team-approvers",
            "id": "3101758",
            "members": [
              "idrop",
              "galund",
              "issyl0",
              "mrwilson",
              "philandstuff",
              "chrisholmes",
              "Krenair",
              "thomasalanlee",
              "mmhmm",
              "tlwr",
              "kerrr",
              "robinmitra",
              "brenetic",
              "CharlesIC",
              "sakisv",
              "ronocg",
              "Rosa-Fox",
              "chrisclayson",
              "smford",
              "blairboy362",
              "Wynndow",
              "andy-paine",
              "tomrosier",
              "bjgill",
              "michaelabenyohai",
              "bravegrape",
              "jstandring-gds",
              "mhussein-gds",
              "adityapahuja",
              "rhowe-gds"
            ],
            "name": "verify-tech-team-approvers",
            "permission": "pull",
            "privacy": "closed",
            "slug": "verify-tech-team-approvers"
          }
        }
      ]
    },
    {
      "module": "module.user_thomasalanlee",
      "mode": "data",
      "type": "github_team",
      "name": "approvers_team",
      "provider": "provider.github",
      "instances": [
        {
          "schema_version": 0,
          "attributes": {
            "description": "Verify tech team: verify-tech-team-approvers",
            "id": "3101758",
            "members": [
              "idrop",
              "galund",
              "issyl0",
              "mrwilson",
              "philandstuff",
              "chrisholmes",
              "Krenair",
              "thomasalanlee",
              "mmhmm",
              "tlwr",
              "kerrr",
              "robinmitra",
              "brenetic",
              "CharlesIC",
              "sakisv",
              "ronocg",
              "Rosa-Fox",
              "chrisclayson",
              "smford",
              "blairboy362",
              "Wynndow",
              "andy-paine",
              "tomrosier",
              "bjgill",
              "michaelabenyohai",
              "bravegrape",
              "jstandring-gds",
              "mhussein-gds",
              "adityapahuja",
              "rhowe-gds"
            ],
            "name": "verify-tech-team-approvers",
            "permission": "pull",
            "privacy": "closed",
            "slug": "verify-tech-team-approvers"
          }
        }
      ]
    },
    {
      "module": "module.user_sarahdean",
      "mode": "data",
      "type": "github_team",
      "name": "approvers_team",
      "provider": "provider.github",
      "instances": [
        {
          "schema_version": 0,
          "attributes": {
            "description": "Verify tech team: verify-tech-team-approvers",
            "id": "3101758",
            "members": [
              "idrop",
              "galund",
              "issyl0",
              "mrwilson",
              "philandstuff",
              "chrisholmes",
              "Krenair",
              "thomasalanlee",
              "mmhmm",
              "tlwr",
              "kerrr",
              "robinmitra",
              "brenetic",
              "CharlesIC",
              "sakisv",
              "ronocg",
              "Rosa-Fox",
              "chrisclayson",
              "smford",
              "blairboy362",
              "Wynndow",
              "andy-paine",
              "tomrosier",
              "bjgill",
              "michaelabenyohai",
              "bravegrape",
              "jstandring-gds",
              "mhussein-gds",
              "adityapahuja",
              "rhowe-gds"
            ],
            "name": "verify-tech-team-approvers",
            "permission": "pull",
            "privacy": "closed",
            "slug": "verify-tech-team-approvers"
          }
        }
      ]
    },
    {
      "module": "module.user_robinmitra",
      "mode": "data",
      "type": "github_team",
      "name": "approvers_team",
      "provider": "provider.github",
      "instances": [
        {
          "schema_version": 0,
          "attributes": {
            "description": "Verify tech team: verify-tech-team-approvers",
            "id": "3101758",
            "members": [
              "idrop",
              "galund",
              "issyl0",
              "mrwilson",
              "philandstuff",
              "chrisholmes",
              "Krenair",
              "thomasalanlee",
              "mmhmm",
              "tlwr",
              "kerrr",
              "robinmitra",
              "brenetic",
              "CharlesIC",
              "sakisv",
              "ronocg",
              "Rosa-Fox",
              "chrisclayson",
              "smford",
              "blairboy362",
              "Wynndow",
              "andy-paine",
              "tomrosier",
              "bjgill",
              "michaelabenyohai",
              "bravegrape",
              "jstandring-gds",
              "mhussein-gds",
              "adityapahuja",
              "rhowe-gds"
            ],
            "name": "verify-tech-team-approvers",
            "permission": "pull",
            "privacy": "closed",
            "slug": "verify-tech-team-approvers"
          }
        }
      ]
    },
    {
      "module": "module.user_adityapahuja",
      "mode": "data",
      "type": "github_team",
      "name": "approvers_team",
      "provider": "provider.github",
      "instances": [
        {
          "schema_version": 0,
          "attributes": {
            "description": "Verify tech team: verify-tech-team-approvers",
            "id": "3101758",
            "members": [
              "idrop",
              "galund",
              "issyl0",
              "mrwilson",
              "philandstuff",
              "chrisholmes",
              "Krenair",
              "thomasalanlee",
              "mmhmm",
              "tlwr",
              "kerrr",
              "robinmitra",
              "brenetic",
              "CharlesIC",
              "sakisv",
              "ronocg",
              "Rosa-Fox",
              "chrisclayson",
              "smford",
              "blairboy362",
              "Wynndow",
              "andy-paine",
              "tomrosier",
              "bjgill",
              "michaelabenyohai",
              "bravegrape",
              "jstandring-gds",
              "mhussein-gds",
              "adityapahuja",
              "rhowe-gds"
            ],
            "name": "verify-tech-team-approvers",
            "permission": "pull",
            "privacy": "closed",
            "slug": "verify-tech-team-approvers"
          }
        }
      ]
    },
    {
      "module": "module.user_ronocg",
      "mode": "data",
      "type": "github_team",
      "name": "approvers_team",
      "provider": "provider.github",
      "instances": [
        {
          "schema_version": 0,
          "attributes": {
            "description": "Verify tech team: verify-tech-team-approvers",
            "id": "3101758",
            "members": [
              "idrop",
              "galund",
              "issyl0",
              "mrwilson",
              "philandstuff",
              "chrisholmes",
              "Krenair",
              "thomasalanlee",
              "mmhmm",
              "tlwr",
              "kerrr",
              "robinmitra",
              "brenetic",
              "CharlesIC",
              "sakisv",
              "ronocg",
              "Rosa-Fox",
              "chrisclayson",
              "smford",
              "blairboy362",
              "Wynndow",
              "andy-paine",
              "tomrosier",
              "bjgill",
              "michaelabenyohai",
              "bravegrape",
              "jstandring-gds",
              "mhussein-gds",
              "adityapahuja",
              "rhowe-gds"
            ],
            "name": "verify-tech-team-approvers",
            "permission": "pull",
            "privacy": "closed",
            "slug": "verify-tech-team-approvers"
          }
        }
      ]
    },
    {
      "module": "module.user_jhjava",
      "mode": "data",
      "type": "github_team",
      "name": "approvers_team",
      "provider": "provider.github",
      "instances": [
        {
          "schema_version": 0,
          "attributes": {
            "description": "Verify tech team: verify-tech-team-approvers",
            "id": "3101758",
            "members": [
              "idrop",
              "galund",
              "issyl0",
              "mrwilson",
              "philandstuff",
              "chrisholmes",
              "Krenair",
              "thomasalanlee",
              "mmhmm",
              "tlwr",
              "kerrr",
              "robinmitra",
              "brenetic",
              "CharlesIC",
              "sakisv",
              "ronocg",
              "Rosa-Fox",
              "chrisclayson",
              "smford",
              "blairboy362",
              "Wynndow",
              "andy-paine",
              "tomrosier",
              "bjgill",
              "michaelabenyohai",
              "bravegrape",
              "jstandring-gds",
              "mhussein-gds",
              "adityapahuja",
              "rhowe-gds"
            ],
            "name": "verify-tech-team-approvers",
            "permission": "pull",
            "privacy": "closed",
            "slug": "verify-tech-team-approvers"
          }
        }
      ]
    },
    {
      "module": "module.user_chris_wynne",
      "mode": "data",
      "type": "github_team",
      "name": "approvers_team",
      "provider": "provider.github",
      "instances": [
        {
          "schema_version": 0,
          "attributes": {
            "description": "Verify tech team: verify-tech-team-approvers",
            "id": "3101758",
            "members": [
              "idrop",
              "galund",
              "issyl0",
              "mrwilson",
              "philandstuff",
              "chrisholmes",
              "Krenair",
              "thomasalanlee",
              "mmhmm",
              "tlwr",
              "kerrr",
              "robinmitra",
              "brenetic",
              "CharlesIC",
              "sakisv",
              "ronocg",
              "Rosa-Fox",
              "chrisclayson",
              "smford",
              "blairboy362",
              "Wynndow",
              "andy-paine",
              "tomrosier",
              "bjgill",
              "michaelabenyohai",
              "bravegrape",
              "jstandring-gds",
              "mhussein-gds",
              "adityapahuja",
              "rhowe-gds"
            ],
            "name": "verify-tech-team-approvers",
            "permission": "pull",
            "privacy": "closed",
            "slug": "verify-tech-team-approvers"
          }
        }
      ]
    },
    {
      "module": "module.user_mhussein_gds",
      "mode": "data",
      "type": "github_team",
      "name": "approvers_team",
      "provider": "provider.github",
      "instances": [
        {
          "schema_version": 0,
          "attributes": {
            "description": "Verify tech team: verify-tech-team-approvers",
            "id": "3101758",
            "members": [
              "idrop",
              "galund",
              "issyl0",
              "mrwilson",
              "philandstuff",
              "chrisholmes",
              "Krenair",
              "thomasalanlee",
              "mmhmm",
              "tlwr",
              "kerrr",
              "robinmitra",
              "brenetic",
              "CharlesIC",
              "sakisv",
              "ronocg",
              "Rosa-Fox",
              "chrisclayson",
              "smford",
              "blairboy362",
              "Wynndow",
              "andy-paine",
              "tomrosier",
              "bjgill",
              "michaelabenyohai",
              "bravegrape",
              "jstandring-gds",
              "mhussein-gds",
              "adityapahuja",
              "rhowe-gds"
            ],
            "name": "verify-tech-team-approvers",
            "permission": "pull",
            "privacy": "closed",
            "slug": "verify-tech-team-approvers"
          }
        }
      ]
    },
    {
      "module": "module.user_dbes_gds",
      "mode": "data",
      "type": "github_team",
      "name": "approvers_team",
      "provider": "provider.github",
      "instances": [
        {
          "schema_version": 0,
          "attributes": {
            "description": "Verify tech team: verify-tech-team-approvers",
            "id": "3101758",
            "members": [
              "idrop",
              "galund",
              "issyl0",
              "mrwilson",
              "philandstuff",
              "chrisholmes",
              "Krenair",
              "thomasalanlee",
              "mmhmm",
              "tlwr",
              "kerrr",
              "robinmitra",
              "brenetic",
              "CharlesIC",
              "sakisv",
              "ronocg",
              "Rosa-Fox",
              "chrisclayson",
              "smford",
              "blairboy362",
              "Wynndow",
              "andy-paine",
              "tomrosier",
              "bjgill",
              "michaelabenyohai",
              "bravegrape",
              "jstandring-gds",
              "mhussein-gds",
              "adityapahuja",
              "rhowe-gds"
            ],
            "name": "verify-tech-team-approvers",
            "permission": "pull",
            "privacy": "closed",
            "slug": "verify-tech-team-approvers"
          }
        }
      ]
    },
    {
      "module": "module.user_szd55gds",
      "mode": "data",
      "type": "github_team",
      "name": "approvers_team",
      "provider": "provider.github",
      "instances": [
        {
          "schema_version": 0,
          "attributes": {
            "description": "Verify tech team: verify-tech-team-approvers",
            "id": "3101758",
            "members": [
              "idrop",
              "galund",
              "issyl0",
              "mrwilson",
              "philandstuff",
              "chrisholmes",
              "Krenair",
              "thomasalanlee",
              "mmhmm",
              "tlwr",
              "kerrr",
              "robinmitra",
              "brenetic",
              "CharlesIC",
              "sakisv",
              "ronocg",
              "Rosa-Fox",
              "chrisclayson",
              "smford",
              "blairboy362",
              "Wynndow",
              "andy-paine",
              "tomrosier",
              "bjgill",
              "michaelabenyohai",
              "bravegrape",
              "jstandring-gds",
              "mhussein-gds",
              "adityapahuja",
              "rhowe-gds"
            ],
            "name": "verify-tech-team-approvers",
            "permission": "pull",
            "privacy": "closed",
            "slug": "verify-tech-team-approvers"
          }
        }
      ]
    },
    {
      "module": "module.user_idacodacybot",
      "mode": "data",
      "type": "github_team",
      "name": "approvers_team",
      "provider": "provider.github",
      "instances": [
        {
          "schema_version": 0,
          "attributes": {
            "description": "Verify tech team: verify-tech-team-approvers",
            "id": "3101758",
            "members": [
              "idrop",
              "galund",
              "issyl0",
              "mrwilson",
              "philandstuff",
              "chrisholmes",
              "Krenair",
              "thomasalanlee",
              "mmhmm",
              "tlwr",
              "kerrr",
              "robinmitra",
              "brenetic",
              "CharlesIC",
              "sakisv",
              "ronocg",
              "Rosa-Fox",
              "chrisclayson",
              "smford",
              "blairboy362",
              "Wynndow",
              "andy-paine",
              "tomrosier",
              "bjgill",
              "michaelabenyohai",
              "bravegrape",
              "jstandring-gds",
              "mhussein-gds",
              "adityapahuja",
              "rhowe-gds"
            ],
            "name": "verify-tech-team-approvers",
            "permission": "pull",
            "privacy": "closed",
            "slug": "verify-tech-team-approvers"
          }
        }
      ]
    },
    {
      "module": "module.user_andy_paine",
      "mode": "data",
      "type": "github_team",
      "name": "approvers_team",
      "provider": "provider.github",
      "instances": [
        {
          "schema_version": 0,
          "attributes": {
            "description": "Verify tech team: verify-tech-team-approvers",
            "id": "3101758",
            "members": [
              "idrop",
              "galund",
              "issyl0",
              "mrwilson",
              "philandstuff",
              "chrisholmes",
              "Krenair",
              "thomasalanlee",
              "mmhmm",
              "tlwr",
              "kerrr",
              "robinmitra",
              "brenetic",
              "CharlesIC",
              "sakisv",
              "ronocg",
              "Rosa-Fox",
              "chrisclayson",
              "smford",
              "blairboy362",
              "Wynndow",
              "andy-paine",
              "tomrosier",
              "bjgill",
              "michaelabenyohai",
              "bravegrape",
              "jstandring-gds",
              "mhussein-gds",
              "adityapahuja",
              "rhowe-gds"
            ],
            "name": "verify-tech-team-approvers",
            "permission": "pull",
            "privacy": "closed",
            "slug": "verify-tech-team-approvers"
          }
        }
      ]
    },
    {
      "module": "module.user_ida_build_bot",
      "mode": "data",
      "type": "github_team",
      "name": "approvers_team",
      "provider": "provider.github",
      "instances": [
        {
          "schema_version": 0,
          "attributes": {
            "description": "Verify tech team: verify-tech-team-approvers",
            "id": "3101758",
            "members": [
              "idrop",
              "galund",
              "issyl0",
              "mrwilson",
              "philandstuff",
              "chrisholmes",
              "Krenair",
              "thomasalanlee",
              "mmhmm",
              "tlwr",
              "kerrr",
              "robinmitra",
              "brenetic",
              "CharlesIC",
              "sakisv",
              "ronocg",
              "Rosa-Fox",
              "chrisclayson",
              "smford",
              "blairboy362",
              "Wynndow",
              "andy-paine",
              "tomrosier",
              "bjgill",
              "michaelabenyohai",
              "bravegrape",
              "jstandring-gds",
              "mhussein-gds",
              "adityapahuja",
              "rhowe-gds"
            ],
            "name": "verify-tech-team-approvers",
            "permission": "pull",
            "privacy": "closed",
            "slug": "verify-tech-team-approvers"
          }
        }
      ]
    },
    {
      "module": "module.user_bravegrape",
      "mode": "data",
      "type": "github_team",
      "name": "approvers_team",
      "provider": "provider.github",
      "instances": [
        {
          "schema_version": 0,
          "attributes": {
            "description": "Verify tech team: verify-tech-team-approvers",
            "id": "3101758",
            "members": [
              "idrop",
              "galund",
              "issyl0",
              "mrwilson",
              "philandstuff",
              "chrisholmes",
              "Krenair",
              "thomasalanlee",
              "mmhmm",
              "tlwr",
              "kerrr",
              "robinmitra",
              "brenetic",
              "CharlesIC",
              "sakisv",
              "ronocg",
              "Rosa-Fox",
              "chrisclayson",
              "smford",
              "blairboy362",
              "Wynndow",
              "andy-paine",
              "tomrosier",
              "bjgill",
              "michaelabenyohai",
              "bravegrape",
              "jstandring-gds",
              "mhussein-gds",
              "adityapahuja",
              "rhowe-gds"
            ],
            "name": "verify-tech-team-approvers",
            "permission": "pull",
            "privacy": "closed",
            "slug": "verify-tech-team-approvers"
          }
        }
      ]
    },
    {
      "module": "module.user_tomrosier",
      "mode": "data",
      "type": "github_team",
      "name": "approvers_team",
      "provider": "provider.github",
      "instances": [
        {
          "schema_version": 0,
          "attributes": {
            "description": "Verify tech team: verify-tech-team-approvers",
            "id": "3101758",
            "members": [
              "idrop",
              "galund",
              "issyl0",
              "mrwilson",
              "philandstuff",
              "chrisholmes",
              "Krenair",
              "thomasalanlee",
              "mmhmm",
              "tlwr",
              "kerrr",
              "robinmitra",
              "brenetic",
              "CharlesIC",
              "sakisv",
              "ronocg",
              "Rosa-Fox",
              "chrisclayson",
              "smford",
              "blairboy362",
              "Wynndow",
              "andy-paine",
              "tomrosier",
              "bjgill",
              "michaelabenyohai",
              "bravegrape",
              "jstandring-gds",
              "mhussein-gds",
              "adityapahuja",
              "rhowe-gds"
            ],
            "name": "verify-tech-team-approvers",
            "permission": "pull",
            "privacy": "closed",
            "slug": "verify-tech-team-approvers"
          }
        }
      ]
    },
    {
      "module": "module.user_mrwilson",
      "mode": "data",
      "type": "github_team",
      "name": "approvers_team",
      "provider": "provider.github",
      "instances": [
        {
          "schema_version": 0,
          "attributes": {
            "description": "Verify tech team: verify-tech-team-approvers",
            "id": "3101758",
            "members": [
              "idrop",
              "galund",
              "issyl0",
              "mrwilson",
              "philandstuff",
              "chrisholmes",
              "Krenair",
              "thomasalanlee",
              "mmhmm",
              "tlwr",
              "kerrr",
              "robinmitra",
              "brenetic",
              "CharlesIC",
              "sakisv",
              "ronocg",
              "Rosa-Fox",
              "chrisclayson",
              "smford",
              "blairboy362",
              "Wynndow",
              "andy-paine",
              "tomrosier",
              "bjgill",
              "michaelabenyohai",
              "bravegrape",
              "jstandring-gds",
              "mhussein-gds",
              "adityapahuja",
              "rhowe-gds"
            ],
            "name": "verify-tech-team-approvers",
            "permission": "pull",
            "privacy": "closed",
            "slug": "verify-tech-team-approvers"
          }
        }
      ]
    },
    {
      "module": "module.user_mariaslo",
      "mode": "data",
      "type": "github_team",
      "name": "approvers_team",
      "provider": "provider.github",
      "instances": [
        {
          "schema_version": 0,
          "attributes": {
            "description": "Verify tech team: verify-tech-team-approvers",
            "id": "3101758",
            "members": [
              "idrop",
              "galund",
              "issyl0",
              "mrwilson",
              "philandstuff",
              "chrisholmes",
              "Krenair",
              "thomasalanlee",
              "mmhmm",
              "tlwr",
              "kerrr",
              "robinmitra",
              "brenetic",
              "CharlesIC",
              "sakisv",
              "ronocg",
              "Rosa-Fox",
              "chrisclayson",
              "smford",
              "blairboy362",
              "Wynndow",
              "andy-paine",
              "tomrosier",
              "bjgill",
              "michaelabenyohai",
              "bravegrape",
              "jstandring-gds",
              "mhussein-gds",
              "adityapahuja",
              "rhowe-gds"
            ],
            "name": "verify-tech-team-approvers",
            "permission": "pull",
            "privacy": "closed",
            "slug": "verify-tech-team-approvers"
          }
        }
      ]
    },
    {
      "module": "module.user_michaelabenyohai",
      "mode": "data",
      "type": "github_team",
      "name": "approvers_team",
      "provider": "provider.github",
      "instances": [
        {
          "schema_version": 0,
          "attributes": {
            "description": "Verify tech team: verify-tech-team-approvers",
            "id": "3101758",
            "members": [
              "idrop",
              "galund",
              "issyl0",
              "mrwilson",
              "philandstuff",
              "chrisholmes",
              "Krenair",
              "thomasalanlee",
              "mmhmm",
              "tlwr",
              "kerrr",
              "robinmitra",
              "brenetic",
              "CharlesIC",
              "sakisv",
              "ronocg",
              "Rosa-Fox",
              "chrisclayson",
              "smford",
              "blairboy362",
              "Wynndow",
              "andy-paine",
              "tomrosier",
              "bjgill",
              "michaelabenyohai",
              "bravegrape",
              "jstandring-gds",
              "mhussein-gds",
              "adityapahuja",
              "rhowe-gds"
            ],
            "name": "verify-tech-team-approvers",
            "permission": "pull",
            "privacy": "closed",
            "slug": "verify-tech-team-approvers"
          }
        }
      ]
    },
    {
      "mode": "data",
      "type": "github_team",
      "name": "core",
      "provider": "provider.github",
      "instances": [
        {
          "schema_version": 0,
          "attributes": {
            "description": "Verify tech team: verify-tech-team-core",
            "id": "2826122",
            "members": [
              "idrop",
              "galund",
              "issyl0",
              "mrwilson",
              "philandstuff",
              "chrisholmes",
              "Krenair",
              "thomasalanlee",
              "tlwr",
              "kerrr",
              "instantiator",
              "zilnhoj",
              "Todai88",
              "robinmitra",
              "brenetic",
              "nacnudus",
              "CharlesIC",
              "jkunle",
              "sakisv",
              "ronocg",
              "Rosa-Fox",
              "AnneCarr",
              "ida-build-bot",
              "chrisclayson",
              "blairboy362",
              "Wynndow",
              "andy-paine",
              "tomrosier",
              "bjgill",
              "michaelabenyohai"
            ],
            "name": "verify-tech-team-core",
            "permission": "pull",
            "privacy": "closed",
            "slug": "verify-tech-team-core"
          }
        }
      ]
    },
    {
      "mode": "data",
      "type": "github_team",
      "name": "eidas",
      "provider": "provider.github",
      "instances": [
        {
          "schema_version": 0,
          "attributes": {
            "description": "Verify tech team: verify-tech-team-eidas",
            "id": "2826126",
            "members": [
              "idrop",
              "chrisholmes",
              "thomasalanlee",
              "instantiator",
              "CharlesIC",
              "ida-build-bot",
              "blairboy362",
              "Wynndow",
              "tomrosier",
              "michaelabenyohai",
              "benjamin-mortimer",
              "JHjava",
              "dbes-gds",
              "JohnWattsGDS",
              "ida-codacy-bot"
            ],
            "name": "verify-tech-team-eidas",
            "permission": "pull",
            "privacy": "closed",
            "slug": "verify-tech-team-eidas"
          }
        }
      ]
    },
    {
      "mode": "data",
      "type": "github_team",
      "name": "infrastructure",
      "provider": "provider.github",
      "instances": [
        {
          "schema_version": 0,
          "attributes": {
            "description": "Verify tech team: verify-tech-team-infrastructure",
            "id": "2826127",
            "members": [
              "issyl0",
              "philandstuff",
              "chrisholmes",
              "Krenair",
              "thomasalanlee",
              "mmhmm",
              "tlwr",
              "sakisv",
              "stephengrier",
              "smford",
              "blairboy362",
              "andy-paine",
              "michaelabenyohai",
              "jstandring-gds",
              "adityapahuja",
              "rhowe-gds",
              "szd55gds"
            ],
            "name": "verify-tech-team-infrastructure",
            "permission": "pull",
            "privacy": "closed",
            "slug": "verify-tech-team-infrastructure"
          }
        }
      ]
    },
    {
      "module": "module.user_kerrr",
      "mode": "data",
      "type": "github_team",
      "name": "tech_team",
      "provider": "provider.github",
      "instances": [
        {
          "schema_version": 0,
          "attributes": {
            "description": "Verify Tech Team",
            "id": "2830432",
            "members": [
              "idrop",
              "galund",
              "issyl0",
              "mrwilson",
              "philandstuff",
              "chrisholmes",
              "Krenair",
              "thomasalanlee",
              "mmhmm",
              "tlwr",
              "kerrr",
              "instantiator",
              "zilnhoj",
              "Todai88",
              "robinmitra",
              "brenetic",
              "nacnudus",
              "CharlesIC",
              "jkunle",
              "sakisv",
              "stephengrier",
              "ronocg",
              "Rosa-Fox",
              "AnneCarr",
              "ida-build-bot",
              "chrisclayson",
              "smford",
              "blairboy362",
              "Wynndow",
              "andy-paine"
            ],
            "name": "verify-tech-team",
            "permission": "pull",
            "privacy": "closed",
            "slug": "verify-tech-team"
          }
        }
      ]
    },
    {
      "module": "module.user_racinghippo",
      "mode": "data",
      "type": "github_team",
      "name": "tech_team",
      "provider": "provider.github",
      "instances": [
        {
          "schema_version": 0,
          "attributes": {
            "description": "Verify Tech Team",
            "id": "2830432",
            "members": [
              "idrop",
              "galund",
              "issyl0",
              "mrwilson",
              "philandstuff",
              "chrisholmes",
              "Krenair",
              "thomasalanlee",
              "mmhmm",
              "tlwr",
              "kerrr",
              "instantiator",
              "zilnhoj",
              "Todai88",
              "robinmitra",
              "brenetic",
              "nacnudus",
              "CharlesIC",
              "jkunle",
              "sakisv",
              "stephengrier",
              "ronocg",
              "Rosa-Fox",
              "AnneCarr",
              "ida-build-bot",
              "chrisclayson",
              "smford",
              "blairboy362",
              "Wynndow",
              "andy-paine"
            ],
            "name": "verify-tech-team",
            "permission": "pull",
            "privacy": "closed",
            "slug": "verify-tech-team"
          }
        }
      ]
    },
    {
      "module": "module.user_rosa_fox",
      "mode": "data",
      "type": "github_team",
      "name": "tech_team",
      "provider": "provider.github",
      "instances": [
        {
          "schema_version": 0,
          "attributes": {
            "description": "Verify Tech Team",
            "id": "2830432",
            "members": [
              "idrop",
              "galund",
              "issyl0",
              "mrwilson",
              "philandstuff",
              "chrisholmes",
              "Krenair",
              "thomasalanlee",
              "mmhmm",
              "tlwr",
              "kerrr",
              "instantiator",
              "zilnhoj",
              "Todai88",
              "robinmitra",
              "brenetic",
              "nacnudus",
              "CharlesIC",
              "jkunle",
              "sakisv",
              "stephengrier",
              "ronocg",
              "Rosa-Fox",
              "AnneCarr",
              "ida-build-bot",
              "chrisclayson",
              "smford",
              "blairboy362",
              "Wynndow",
              "andy-paine"
            ],
            "name": "verify-tech-team",
            "permission": "pull",
            "privacy": "closed",
            "slug": "verify-tech-team"
          }
        }
      ]
    },
    {
      "module": "module.user_idrop",
      "mode": "data",
      "type": "github_team",
      "name": "tech_team",
      "provider": "provider.github",
      "instances": [
        {
          "schema_version": 0,
          "attributes": {
            "description": "Verify Tech Team",
            "id": "2830432",
            "members": [
              "idrop",
              "galund",
              "issyl0",
              "mrwilson",
              "philandstuff",
              "chrisholmes",
              "Krenair",
              "thomasalanlee",
              "mmhmm",
              "tlwr",
              "kerrr",
              "instantiator",
              "zilnhoj",
              "Todai88",
              "robinmitra",
              "brenetic",
              "nacnudus",
              "CharlesIC",
              "jkunle",
              "sakisv",
              "stephengrier",
              "ronocg",
              "Rosa-Fox",
              "AnneCarr",
              "ida-build-bot",
              "chrisclayson",
              "smford",
              "blairboy362",
              "Wynndow",
              "andy-paine"
            ],
            "name": "verify-tech-team",
            "permission": "pull",
            "privacy": "closed",
            "slug": "verify-tech-team"
          }
        }
      ]
    },
    {
      "module": "module.user_brenetic",
      "mode": "data",
      "type": "github_team",
      "name": "tech_team",
      "provider": "provider.github",
      "instances": [
        {
          "schema_version": 0,
          "attributes": {
            "description": "Verify Tech Team",
            "id": "2830432",
            "members": [
              "idrop",
              "galund",
              "issyl0",
              "mrwilson",
              "philandstuff",
              "chrisholmes",
              "Krenair",
              "thomasalanlee",
              "mmhmm",
              "tlwr",
              "kerrr",
              "instantiator",
              "zilnhoj",
              "Todai88",
              "robinmitra",
              "brenetic",
              "nacnudus",
              "CharlesIC",
              "jkunle",
              "sakisv",
              "stephengrier",
              "ronocg",
              "Rosa-Fox",
              "AnneCarr",
              "ida-build-bot",
              "chrisclayson",
              "smford",
              "blairboy362",
              "Wynndow",
              "andy-paine"
            ],
            "name": "verify-tech-team",
            "permission": "pull",
            "privacy": "closed",
            "slug": "verify-tech-team"
          }
        }
      ]
    },
    {
      "module": "module.user_tlwr",
      "mode": "data",
      "type": "github_team",
      "name": "tech_team",
      "provider": "provider.github",
      "instances": [
        {
          "schema_version": 0,
          "attributes": {
            "description": "Verify Tech Team",
            "id": "2830432",
            "members": [
              "idrop",
              "galund",
              "issyl0",
              "mrwilson",
              "philandstuff",
              "chrisholmes",
              "Krenair",
              "thomasalanlee",
              "mmhmm",
              "tlwr",
              "kerrr",
              "instantiator",
              "zilnhoj",
              "Todai88",
              "robinmitra",
              "brenetic",
              "nacnudus",
              "CharlesIC",
              "jkunle",
              "sakisv",
              "stephengrier",
              "ronocg",
              "Rosa-Fox",
              "AnneCarr",
              "ida-build-bot",
              "chrisclayson",
              "smford",
              "blairboy362",
              "Wynndow",
              "andy-paine"
            ],
            "name": "verify-tech-team",
            "permission": "pull",
            "privacy": "closed",
            "slug": "verify-tech-team"
          }
        }
      ]
    },
    {
      "module": "module.user_chrisholmes",
      "mode": "data",
      "type": "github_team",
      "name": "tech_team",
      "provider": "provider.github",
      "instances": [
        {
          "schema_version": 0,
          "attributes": {
            "description": "Verify Tech Team",
            "id": "2830432",
            "members": [
              "idrop",
              "galund",
              "issyl0",
              "mrwilson",
              "philandstuff",
              "chrisholmes",
              "Krenair",
              "thomasalanlee",
              "mmhmm",
              "tlwr",
              "kerrr",
              "instantiator",
              "zilnhoj",
              "Todai88",
              "robinmitra",
              "brenetic",
              "nacnudus",
              "CharlesIC",
              "jkunle",
              "sakisv",
              "stephengrier",
              "ronocg",
              "Rosa-Fox",
              "AnneCarr",
              "ida-build-bot",
              "chrisclayson",
              "smford",
              "blairboy362",
              "Wynndow",
              "andy-paine"
            ],
            "name": "verify-tech-team",
            "permission": "pull",
            "privacy": "closed",
            "slug": "verify-tech-team"
          }
        }
      ]
    },
    {
      "module": "module.user_zilnhoj",
      "mode": "data",
      "type": "github_team",
      "name": "tech_team",
      "provider": "provider.github",
      "instances": [
        {
          "schema_version": 0,
          "attributes": {
            "description": "Verify Tech Team",
            "id": "2830432",
            "members": [
              "idrop",
              "galund",
              "issyl0",
              "mrwilson",
              "philandstuff",
              "chrisholmes",
              "Krenair",
              "thomasalanlee",
              "mmhmm",
              "tlwr",
              "kerrr",
              "instantiator",
              "zilnhoj",
              "Todai88",
              "robinmitra",
              "brenetic",
              "nacnudus",
              "CharlesIC",
              "jkunle",
              "sakisv",
              "stephengrier",
              "ronocg",
              "Rosa-Fox",
              "AnneCarr",
              "ida-build-bot",
              "chrisclayson",
              "smford",
              "blairboy362",
              "Wynndow",
              "andy-paine"
            ],
            "name": "verify-tech-team",
            "permission": "pull",
            "privacy": "closed",
            "slug": "verify-tech-team"
          }
        }
      ]
    },
    {
      "module": "module.user_danielblair",
      "mode": "data",
      "type": "github_team",
      "name": "tech_team",
      "provider": "provider.github",
      "instances": [
        {
          "schema_version": 0,
          "attributes": {
            "description": "Verify Tech Team",
            "id": "2830432",
            "members": [
              "idrop",
              "galund",
              "issyl0",
              "mrwilson",
              "philandstuff",
              "chrisholmes",
              "Krenair",
              "thomasalanlee",
              "mmhmm",
              "tlwr",
              "kerrr",
              "instantiator",
              "zilnhoj",
              "Todai88",
              "robinmitra",
              "brenetic",
              "nacnudus",
              "CharlesIC",
              "jkunle",
              "sakisv",
              "stephengrier",
              "ronocg",
              "Rosa-Fox",
              "AnneCarr",
              "ida-build-bot",
              "chrisclayson",
              "smford",
              "blairboy362",
              "Wynndow",
              "andy-paine"
            ],
            "name": "verify-tech-team",
            "permission": "pull",
            "privacy": "closed",
            "slug": "verify-tech-team"
          }
        }
      ]
    },
    {
      "module": "module.user_nacnudus",
      "mode": "data",
      "type": "github_team",
      "name": "tech_team",
      "provider": "provider.github",
      "instances": [
        {
          "schema_version": 0,
          "attributes": {
            "description": "Verify Tech Team",
            "id": "2830432",
            "members": [
              "idrop",
              "galund",
              "issyl0",
              "mrwilson",
              "philandstuff",
              "chrisholmes",
              "Krenair",
              "thomasalanlee",
              "mmhmm",
              "tlwr",
              "kerrr",
              "instantiator",
              "zilnhoj",
              "Todai88",
              "robinmitra",
              "brenetic",
              "nacnudus",
              "CharlesIC",
              "jkunle",
              "sakisv",
              "stephengrier",
              "ronocg",
              "Rosa-Fox",
              "AnneCarr",
              "ida-build-bot",
              "chrisclayson",
              "smford",
              "blairboy362",
              "Wynndow",
              "andy-paine"
            ],
            "name": "verify-tech-team",
            "permission": "pull",
            "privacy": "closed",
            "slug": "verify-tech-team"
          }
        }
      ]
    },
    {
      "module": "module.user_alex_monk",
      "mode": "data",
      "type": "github_team",
      "name": "tech_team",
      "provider": "provider.github",
      "instances": [
        {
          "schema_version": 0,
          "attributes": {
            "description": "Verify Tech Team",
            "id": "2830432",
            "members": [
              "idrop",
              "galund",
              "issyl0",
              "mrwilson",
              "philandstuff",
              "chrisholmes",
              "Krenair",
              "thomasalanlee",
              "mmhmm",
              "tlwr",
              "kerrr",
              "instantiator",
              "zilnhoj",
              "Todai88",
              "robinmitra",
              "brenetic",
              "nacnudus",
              "CharlesIC",
              "jkunle",
              "sakisv",
              "stephengrier",
              "ronocg",
              "Rosa-Fox",
              "AnneCarr",
              "ida-build-bot",
              "chrisclayson",
              "smford",
              "blairboy362",
              "Wynndow",
              "andy-paine"
            ],
            "name": "verify-tech-team",
            "permission": "pull",
            "privacy": "closed",
            "slug": "verify-tech-team"
          }
        }
      ]
    },
    {
      "module": "module.user_alexandergeegds",
      "mode": "data",
      "type": "github_team",
      "name": "tech_team",
      "provider": "provider.github",
      "instances": [
        {
          "schema_version": 0,
          "attributes": {
            "description": "Verify Tech Team",
            "id": "2830432",
            "members": [
              "idrop",
              "galund",
              "issyl0",
              "mrwilson",
              "philandstuff",
              "chrisholmes",
              "Krenair",
              "thomasalanlee",
              "mmhmm",
              "tlwr",
              "kerrr",
              "instantiator",
              "zilnhoj",
              "Todai88",
              "robinmitra",
              "brenetic",
              "nacnudus",
              "CharlesIC",
              "jkunle",
              "sakisv",
              "stephengrier",
              "ronocg",
              "Rosa-Fox",
              "AnneCarr",
              "ida-build-bot",
              "chrisclayson",
              "smford",
              "blairboy362",
              "Wynndow",
              "andy-paine"
            ],
            "name": "verify-tech-team",
            "permission": "pull",
            "privacy": "closed",
            "slug": "verify-tech-team"
          }
        }
      ]
    },
    {
      "module": "module.user_jakubmiarka",
      "mode": "data",
      "type": "github_team",
      "name": "tech_team",
      "provider": "provider.github",
      "instances": [
        {
          "schema_version": 0,
          "attributes": {
            "description": "Verify Tech Team",
            "id": "2830432",
            "members": [
              "idrop",
              "galund",
              "issyl0",
              "mrwilson",
              "philandstuff",
              "chrisholmes",
              "Krenair",
              "thomasalanlee",
              "mmhmm",
              "tlwr",
              "kerrr",
              "instantiator",
              "zilnhoj",
              "Todai88",
              "robinmitra",
              "brenetic",
              "nacnudus",
              "CharlesIC",
              "jkunle",
              "sakisv",
              "stephengrier",
              "ronocg",
              "Rosa-Fox",
              "AnneCarr",
              "ida-build-bot",
              "chrisclayson",
              "smford",
              "blairboy362",
              "Wynndow",
              "andy-paine"
            ],
            "name": "verify-tech-team",
            "permission": "pull",
            "privacy": "closed",
            "slug": "verify-tech-team"
          }
        }
      ]
    },
    {
      "module": "module.user_johnwattsgds",
      "mode": "data",
      "type": "github_team",
      "name": "tech_team",
      "provider": "provider.github",
      "instances": [
        {
          "schema_version": 0,
          "attributes": {
            "description": "Verify Tech Team",
            "id": "2830432",
            "members": [
              "idrop",
              "galund",
              "issyl0",
              "mrwilson",
              "philandstuff",
              "chrisholmes",
              "Krenair",
              "thomasalanlee",
              "mmhmm",
              "tlwr",
              "kerrr",
              "instantiator",
              "zilnhoj",
              "Todai88",
              "robinmitra",
              "brenetic",
              "nacnudus",
              "CharlesIC",
              "jkunle",
              "sakisv",
              "stephengrier",
              "ronocg",
              "Rosa-Fox",
              "AnneCarr",
              "ida-build-bot",
              "chrisclayson",
              "smford",
              "blairboy362",
              "Wynndow",
              "andy-paine"
            ],
            "name": "verify-tech-team",
            "permission": "pull",
            "privacy": "closed",
            "slug": "verify-tech-team"
          }
        }
      ]
    },
    {
      "module": "module.user_j_maynard",
      "mode": "data",
      "type": "github_team",
      "name": "tech_team",
      "provider": "provider.github",
      "instances": [
        {
          "schema_version": 0,
          "attributes": {
            "description": "Verify Tech Team",
            "id": "2830432",
            "members": [
              "idrop",
              "galund",
              "issyl0",
              "mrwilson",
              "philandstuff",
              "chrisholmes",
              "Krenair",
              "thomasalanlee",
              "mmhmm",
              "tlwr",
              "kerrr",
              "instantiator",
              "zilnhoj",
              "Todai88",
              "robinmitra",
              "brenetic",
              "nacnudus",
              "CharlesIC",
              "jkunle",
              "sakisv",
              "stephengrier",
              "ronocg",
              "Rosa-Fox",
              "AnneCarr",
              "ida-build-bot",
              "chrisclayson",
              "smford",
              "blairboy362",
              "Wynndow",
              "andy-paine"
            ],
            "name": "verify-tech-team",
            "permission": "pull",
            "privacy": "closed",
            "slug": "verify-tech-team"
          }
        }
      ]
    },
    {
      "module": "module.user_sistephens",
      "mode": "data",
      "type": "github_team",
      "name": "tech_team",
      "provider": "provider.github",
      "instances": [
        {
          "schema_version": 0,
          "attributes": {
            "description": "Verify Tech Team",
            "id": "2830432",
            "members": [
              "idrop",
              "galund",
              "issyl0",
              "mrwilson",
              "philandstuff",
              "chrisholmes",
              "Krenair",
              "thomasalanlee",
              "mmhmm",
              "tlwr",
              "kerrr",
              "instantiator",
              "zilnhoj",
              "Todai88",
              "robinmitra",
              "brenetic",
              "nacnudus",
              "CharlesIC",
              "jkunle",
              "sakisv",
              "stephengrier",
              "ronocg",
              "Rosa-Fox",
              "AnneCarr",
              "ida-build-bot",
              "chrisclayson",
              "smford",
              "blairboy362",
              "Wynndow",
              "andy-paine"
            ],
            "name": "verify-tech-team",
            "permission": "pull",
            "privacy": "closed",
            "slug": "verify-tech-team"
          }
        }
      ]
    },
    {
      "module": "module.user_galund",
      "mode": "data",
      "type": "github_team",
      "name": "tech_team",
      "provider": "provider.github",
      "instances": [
        {
          "schema_version": 0,
          "attributes": {
            "description": "Verify Tech Team",
            "id": "2830432",
            "members": [
              "idrop",
              "galund",
              "issyl0",
              "mrwilson",
              "philandstuff",
              "chrisholmes",
              "Krenair",
              "thomasalanlee",
              "mmhmm",
              "tlwr",
              "kerrr",
              "instantiator",
              "zilnhoj",
              "Todai88",
              "robinmitra",
              "brenetic",
              "nacnudus",
              "CharlesIC",
              "jkunle",
              "sakisv",
              "stephengrier",
              "ronocg",
              "Rosa-Fox",
              "AnneCarr",
              "ida-build-bot",
              "chrisclayson",
              "smford",
              "blairboy362",
              "Wynndow",
              "andy-paine"
            ],
            "name": "verify-tech-team",
            "permission": "pull",
            "privacy": "closed",
            "slug": "verify-tech-team"
          }
        }
      ]
    },
    {
      "module": "module.user_jstandring_gds",
      "mode": "data",
      "type": "github_team",
      "name": "tech_team",
      "provider": "provider.github",
      "instances": [
        {
          "schema_version": 0,
          "attributes": {
            "description": "Verify Tech Team",
            "id": "2830432",
            "members": [
              "idrop",
              "galund",
              "issyl0",
              "mrwilson",
              "philandstuff",
              "chrisholmes",
              "Krenair",
              "thomasalanlee",
              "mmhmm",
              "tlwr",
              "kerrr",
              "instantiator",
              "zilnhoj",
              "Todai88",
              "robinmitra",
              "brenetic",
              "nacnudus",
              "CharlesIC",
              "jkunle",
              "sakisv",
              "stephengrier",
              "ronocg",
              "Rosa-Fox",
              "AnneCarr",
              "ida-build-bot",
              "chrisclayson",
              "smford",
              "blairboy362",
              "Wynndow",
              "andy-paine"
            ],
            "name": "verify-tech-team",
            "permission": "pull",
            "privacy": "closed",
            "slug": "verify-tech-team"
          }
        }
      ]
    },
    {
      "module": "module.user_annecarr",
      "mode": "data",
      "type": "github_team",
      "name": "tech_team",
      "provider": "provider.github",
      "instances": [
        {
          "schema_version": 0,
          "attributes": {
            "description": "Verify Tech Team",
            "id": "2830432",
            "members": [
              "idrop",
              "galund",
              "issyl0",
              "mrwilson",
              "philandstuff",
              "chrisholmes",
              "Krenair",
              "thomasalanlee",
              "mmhmm",
              "tlwr",
              "kerrr",
              "instantiator",
              "zilnhoj",
              "Todai88",
              "robinmitra",
              "brenetic",
              "nacnudus",
              "CharlesIC",
              "jkunle",
              "sakisv",
              "stephengrier",
              "ronocg",
              "Rosa-Fox",
              "AnneCarr",
              "ida-build-bot",
              "chrisclayson",
              "smford",
              "blairboy362",
              "Wynndow",
              "andy-paine"
            ],
            "name": "verify-tech-team",
            "permission": "pull",
            "privacy": "closed",
            "slug": "verify-tech-team"
          }
        }
      ]
    },
    {
      "module": "module.user_todai88",
      "mode": "data",
      "type": "github_team",
      "name": "tech_team",
      "provider": "provider.github",
      "instances": [
        {
          "schema_version": 0,
          "attributes": {
            "description": "Verify Tech Team",
            "id": "2830432",
            "members": [
              "idrop",
              "galund",
              "issyl0",
              "mrwilson",
              "philandstuff",
              "chrisholmes",
              "Krenair",
              "thomasalanlee",
              "mmhmm",
              "tlwr",
              "kerrr",
              "instantiator",
              "zilnhoj",
              "Todai88",
              "robinmitra",
              "brenetic",
              "nacnudus",
              "CharlesIC",
              "jkunle",
              "sakisv",
              "stephengrier",
              "ronocg",
              "Rosa-Fox",
              "AnneCarr",
              "ida-build-bot",
              "chrisclayson",
              "smford",
              "blairboy362",
              "Wynndow",
              "andy-paine"
            ],
            "name": "verify-tech-team",
            "permission": "pull",
            "privacy": "closed",
            "slug": "verify-tech-team"
          }
        }
      ]
    },
    {
      "module": "module.user_benjamin_mortimer",
      "mode": "data",
      "type": "github_team",
      "name": "tech_team",
      "provider": "provider.github",
      "instances": [
        {
          "schema_version": 0,
          "attributes": {
            "description": "Verify Tech Team",
            "id": "2830432",
            "members": [
              "idrop",
              "galund",
              "issyl0",
              "mrwilson",
              "philandstuff",
              "chrisholmes",
              "Krenair",
              "thomasalanlee",
              "mmhmm",
              "tlwr",
              "kerrr",
              "instantiator",
              "zilnhoj",
              "Todai88",
              "robinmitra",
              "brenetic",
              "nacnudus",
              "CharlesIC",
              "jkunle",
              "sakisv",
              "stephengrier",
              "ronocg",
              "Rosa-Fox",
              "AnneCarr",
              "ida-build-bot",
              "chrisclayson",
              "smford",
              "blairboy362",
              "Wynndow",
              "andy-paine"
            ],
            "name": "verify-tech-team",
            "permission": "pull",
            "privacy": "closed",
            "slug": "verify-tech-team"
          }
        }
      ]
    },
    {
      "module": "module.user_amritsidhu",
      "mode": "data",
      "type": "github_team",
      "name": "tech_team",
      "provider": "provider.github",
      "instances": [
        {
          "schema_version": 0,
          "attributes": {
            "description": "Verify Tech Team",
            "id": "2830432",
            "members": [
              "idrop",
              "galund",
              "issyl0",
              "mrwilson",
              "philandstuff",
              "chrisholmes",
              "Krenair",
              "thomasalanlee",
              "mmhmm",
              "tlwr",
              "kerrr",
              "instantiator",
              "zilnhoj",
              "Todai88",
              "robinmitra",
              "brenetic",
              "nacnudus",
              "CharlesIC",
              "jkunle",
              "sakisv",
              "stephengrier",
              "ronocg",
              "Rosa-Fox",
              "AnneCarr",
              "ida-build-bot",
              "chrisclayson",
              "smford",
              "blairboy362",
              "Wynndow",
              "andy-paine"
            ],
            "name": "verify-tech-team",
            "permission": "pull",
            "privacy": "closed",
            "slug": "verify-tech-team"
          }
        }
      ]
    },
    {
      "module": "module.user_jkunle",
      "mode": "data",
      "type": "github_team",
      "name": "tech_team",
      "provider": "provider.github",
      "instances": [
        {
          "schema_version": 0,
          "attributes": {
            "description": "Verify Tech Team",
            "id": "2830432",
            "members": [
              "idrop",
              "galund",
              "issyl0",
              "mrwilson",
              "philandstuff",
              "chrisholmes",
              "Krenair",
              "thomasalanlee",
              "mmhmm",
              "tlwr",
              "kerrr",
              "instantiator",
              "zilnhoj",
              "Todai88",
              "robinmitra",
              "brenetic",
              "nacnudus",
              "CharlesIC",
              "jkunle",
              "sakisv",
              "stephengrier",
              "ronocg",
              "Rosa-Fox",
              "AnneCarr",
              "ida-build-bot",
              "chrisclayson",
              "smford",
              "blairboy362",
              "Wynndow",
              "andy-paine"
            ],
            "name": "verify-tech-team",
            "permission": "pull",
            "privacy": "closed",
            "slug": "verify-tech-team"
          }
        }
      ]
    },
    {
      "module": "module.user_gdsnewt",
      "mode": "data",
      "type": "github_team",
      "name": "tech_team",
      "provider": "provider.github",
      "instances": [
        {
          "schema_version": 0,
          "attributes": {
            "description": "Verify Tech Team",
            "id": "2830432",
            "members": [
              "idrop",
              "galund",
              "issyl0",
              "mrwilson",
              "philandstuff",
              "chrisholmes",
              "Krenair",
              "thomasalanlee",
              "mmhmm",
              "tlwr",
              "kerrr",
              "instantiator",
              "zilnhoj",
              "Todai88",
              "robinmitra",
              "brenetic",
              "nacnudus",
              "CharlesIC",
              "jkunle",
              "sakisv",
              "stephengrier",
              "ronocg",
              "Rosa-Fox",
              "AnneCarr",
              "ida-build-bot",
              "chrisclayson",
              "smford",
              "blairboy362",
              "Wynndow",
              "andy-paine"
            ],
            "name": "verify-tech-team",
            "permission": "pull",
            "privacy": "closed",
            "slug": "verify-tech-team"
          }
        }
      ]
    },
    {
      "module": "module.user_mmhmm",
      "mode": "data",
      "type": "github_team",
      "name": "tech_team",
      "provider": "provider.github",
      "instances": [
        {
          "schema_version": 0,
          "attributes": {
            "description": "Verify Tech Team",
            "id": "2830432",
            "members": [
              "idrop",
              "galund",
              "issyl0",
              "mrwilson",
              "philandstuff",
              "chrisholmes",
              "Krenair",
              "thomasalanlee",
              "mmhmm",
              "tlwr",
              "kerrr",
              "instantiator",
              "zilnhoj",
              "Todai88",
              "robinmitra",
              "brenetic",
              "nacnudus",
              "CharlesIC",
              "jkunle",
              "sakisv",
              "stephengrier",
              "ronocg",
              "Rosa-Fox",
              "AnneCarr",
              "ida-build-bot",
              "chrisclayson",
              "smford",
              "blairboy362",
              "Wynndow",
              "andy-paine"
            ],
            "name": "verify-tech-team",
            "permission": "pull",
            "privacy": "closed",
            "slug": "verify-tech-team"
          }
        }
      ]
    },
    {
      "module": "module.user_smford",
      "mode": "data",
      "type": "github_team",
      "name": "tech_team",
      "provider": "provider.github",
      "instances": [
        {
          "schema_version": 0,
          "attributes": {
            "description": "Verify Tech Team",
            "id": "2830432",
            "members": [
              "idrop",
              "galund",
              "issyl0",
              "mrwilson",
              "philandstuff",
              "chrisholmes",
              "Krenair",
              "thomasalanlee",
              "mmhmm",
              "tlwr",
              "kerrr",
              "instantiator",
              "zilnhoj",
              "Todai88",
              "robinmitra",
              "brenetic",
              "nacnudus",
              "CharlesIC",
              "jkunle",
              "sakisv",
              "stephengrier",
              "ronocg",
              "Rosa-Fox",
              "AnneCarr",
              "ida-build-bot",
              "chrisclayson",
              "smford",
              "blairboy362",
              "Wynndow",
              "andy-paine"
            ],
            "name": "verify-tech-team",
            "permission": "pull",
            "privacy": "closed",
            "slug": "verify-tech-team"
          }
        }
      ]
    },
    {
      "module": "module.user_chrisclayson",
      "mode": "data",
      "type": "github_team",
      "name": "tech_team",
      "provider": "provider.github",
      "instances": [
        {
          "schema_version": 0,
          "attributes": {
            "description": "Verify Tech Team",
            "id": "2830432",
            "members": [
              "idrop",
              "galund",
              "issyl0",
              "mrwilson",
              "philandstuff",
              "chrisholmes",
              "Krenair",
              "thomasalanlee",
              "mmhmm",
              "tlwr",
              "kerrr",
              "instantiator",
              "zilnhoj",
              "Todai88",
              "robinmitra",
              "brenetic",
              "nacnudus",
              "CharlesIC",
              "jkunle",
              "sakisv",
              "stephengrier",
              "ronocg",
              "Rosa-Fox",
              "AnneCarr",
              "ida-build-bot",
              "chrisclayson",
              "smford",
              "blairboy362",
              "Wynndow",
              "andy-paine"
            ],
            "name": "verify-tech-team",
            "permission": "pull",
            "privacy": "closed",
            "slug": "verify-tech-team"
          }
        }
      ]
    },
    {
      "module": "module.user_instantiator",
      "mode": "data",
      "type": "github_team",
      "name": "tech_team",
      "provider": "provider.github",
      "instances": [
        {
          "schema_version": 0,
          "attributes": {
            "description": "Verify Tech Team",
            "id": "2830432",
            "members": [
              "idrop",
              "galund",
              "issyl0",
              "mrwilson",
              "philandstuff",
              "chrisholmes",
              "Krenair",
              "thomasalanlee",
              "mmhmm",
              "tlwr",
              "kerrr",
              "instantiator",
              "zilnhoj",
              "Todai88",
              "robinmitra",
              "brenetic",
              "nacnudus",
              "CharlesIC",
              "jkunle",
              "sakisv",
              "stephengrier",
              "ronocg",
              "Rosa-Fox",
              "AnneCarr",
              "ida-build-bot",
              "chrisclayson",
              "smford",
              "blairboy362",
              "Wynndow",
              "andy-paine"
            ],
            "name": "verify-tech-team",
            "permission": "pull",
            "privacy": "closed",
            "slug": "verify-tech-team"
          }
        }
      ]
    },
    {
      "module": "module.user_sakisv",
      "mode": "data",
      "type": "github_team",
      "name": "tech_team",
      "provider": "provider.github",
      "instances": [
        {
          "schema_version": 0,
          "attributes": {
            "description": "Verify Tech Team",
            "id": "2830432",
            "members": [
              "idrop",
              "galund",
              "issyl0",
              "mrwilson",
              "philandstuff",
              "chrisholmes",
              "Krenair",
              "thomasalanlee",
              "mmhmm",
              "tlwr",
              "kerrr",
              "instantiator",
              "zilnhoj",
              "Todai88",
              "robinmitra",
              "brenetic",
              "nacnudus",
              "CharlesIC",
              "jkunle",
              "sakisv",
              "stephengrier",
              "ronocg",
              "Rosa-Fox",
              "AnneCarr",
              "ida-build-bot",
              "chrisclayson",
              "smford",
              "blairboy362",
              "Wynndow",
              "andy-paine"
            ],
            "name": "verify-tech-team",
            "permission": "pull",
            "privacy": "closed",
            "slug": "verify-tech-team"
          }
        }
      ]
    },
    {
      "module": "module.user_philandstuff",
      "mode": "data",
      "type": "github_team",
      "name": "tech_team",
      "provider": "provider.github",
      "instances": [
        {
          "schema_version": 0,
          "attributes": {
            "description": "Verify Tech Team",
            "id": "2830432",
            "members": [
              "idrop",
              "galund",
              "issyl0",
              "mrwilson",
              "philandstuff",
              "chrisholmes",
              "Krenair",
              "thomasalanlee",
              "mmhmm",
              "tlwr",
              "kerrr",
              "instantiator",
              "zilnhoj",
              "Todai88",
              "robinmitra",
              "brenetic",
              "nacnudus",
              "CharlesIC",
              "jkunle",
              "sakisv",
              "stephengrier",
              "ronocg",
              "Rosa-Fox",
              "AnneCarr",
              "ida-build-bot",
              "chrisclayson",
              "smford",
              "blairboy362",
              "Wynndow",
              "andy-paine"
            ],
            "name": "verify-tech-team",
            "permission": "pull",
            "privacy": "closed",
            "slug": "verify-tech-team"
          }
        }
      ]
    },
    {
      "module": "module.user_issyl0",
      "mode": "data",
      "type": "github_team",
      "name": "tech_team",
      "provider": "provider.github",
      "instances": [
        {
          "schema_version": 0,
          "attributes": {
            "description": "Verify Tech Team",
            "id": "2830432",
            "members": [
              "idrop",
              "galund",
              "issyl0",
              "mrwilson",
              "philandstuff",
              "chrisholmes",
              "Krenair",
              "thomasalanlee",
              "mmhmm",
              "tlwr",
              "kerrr",
              "instantiator",
              "zilnhoj",
              "Todai88",
              "robinmitra",
              "brenetic",
              "nacnudus",
              "CharlesIC",
              "jkunle",
              "sakisv",
              "stephengrier",
              "ronocg",
              "Rosa-Fox",
              "AnneCarr",
              "ida-build-bot",
              "chrisclayson",
              "smford",
              "blairboy362",
              "Wynndow",
              "andy-paine"
            ],
            "name": "verify-tech-team",
            "permission": "pull",
            "privacy": "closed",
            "slug": "verify-tech-team"
          }
        }
      ]
    },
    {
      "module": "module.user_alan_gds",
      "mode": "data",
      "type": "github_team",
      "name": "tech_team",
      "provider": "provider.github",
      "instances": [
        {
          "schema_version": 0,
          "attributes": {
            "description": "Verify Tech Team",
            "id": "2830432",
            "members": [
              "idrop",
              "galund",
              "issyl0",
              "mrwilson",
              "philandstuff",
              "chrisholmes",
              "Krenair",
              "thomasalanlee",
              "mmhmm",
              "tlwr",
              "kerrr",
              "instantiator",
              "zilnhoj",
              "Todai88",
              "robinmitra",
              "brenetic",
              "nacnudus",
              "CharlesIC",
              "jkunle",
              "sakisv",
              "stephengrier",
              "ronocg",
              "Rosa-Fox",
              "AnneCarr",
              "ida-build-bot",
              "chrisclayson",
              "smford",
              "blairboy362",
              "Wynndow",
              "andy-paine"
            ],
            "name": "verify-tech-team",
            "permission": "pull",
            "privacy": "closed",
            "slug": "verify-tech-team"
          }
        }
      ]
    },
    {
      "module": "module.user_rhowe_gds",
      "mode": "data",
      "type": "github_team",
      "name": "tech_team",
      "provider": "provider.github",
      "instances": [
        {
          "schema_version": 0,
          "attributes": {
            "description": "Verify Tech Team",
            "id": "2830432",
            "members": [
              "idrop",
              "galund",
              "issyl0",
              "mrwilson",
              "philandstuff",
              "chrisholmes",
              "Krenair",
              "thomasalanlee",
              "mmhmm",
              "tlwr",
              "kerrr",
              "instantiator",
              "zilnhoj",
              "Todai88",
              "robinmitra",
              "brenetic",
              "nacnudus",
              "CharlesIC",
              "jkunle",
              "sakisv",
              "stephengrier",
              "ronocg",
              "Rosa-Fox",
              "AnneCarr",
              "ida-build-bot",
              "chrisclayson",
              "smford",
              "blairboy362",
              "Wynndow",
              "andy-paine"
            ],
            "name": "verify-tech-team",
            "permission": "pull",
            "privacy": "closed",
            "slug": "verify-tech-team"
          }
        }
      ]
    },
    {
      "module": "module.user_charlesic",
      "mode": "data",
      "type": "github_team",
      "name": "tech_team",
      "provider": "provider.github",
      "instances": [
        {
          "schema_version": 0,
          "attributes": {
            "description": "Verify Tech Team",
            "id": "2830432",
            "members": [
              "idrop",
              "galund",
              "issyl0",
              "mrwilson",
              "philandstuff",
              "chrisholmes",
              "Krenair",
              "thomasalanlee",
              "mmhmm",
              "tlwr",
              "kerrr",
              "instantiator",
              "zilnhoj",
              "Todai88",
              "robinmitra",
              "brenetic",
              "nacnudus",
              "CharlesIC",
              "jkunle",
              "sakisv",
              "stephengrier",
              "ronocg",
              "Rosa-Fox",
              "AnneCarr",
              "ida-build-bot",
              "chrisclayson",
              "smford",
              "blairboy362",
              "Wynndow",
              "andy-paine"
            ],
            "name": "verify-tech-team",
            "permission": "pull",
            "privacy": "closed",
            "slug": "verify-tech-team"
          }
        }
      ]
    },
    {
      "module": "module.user_coleni",
      "mode": "data",
      "type": "github_team",
      "name": "tech_team",
      "provider": "provider.github",
      "instances": [
        {
          "schema_version": 0,
          "attributes": {
            "description": "Verify Tech Team",
            "id": "2830432",
            "members": [
              "idrop",
              "galund",
              "issyl0",
              "mrwilson",
              "philandstuff",
              "chrisholmes",
              "Krenair",
              "thomasalanlee",
              "mmhmm",
              "tlwr",
              "kerrr",
              "instantiator",
              "zilnhoj",
              "Todai88",
              "robinmitra",
              "brenetic",
              "nacnudus",
              "CharlesIC",
              "jkunle",
              "sakisv",
              "stephengrier",
              "ronocg",
              "Rosa-Fox",
              "AnneCarr",
              "ida-build-bot",
              "chrisclayson",
              "smford",
              "blairboy362",
              "Wynndow",
              "andy-paine"
            ],
            "name": "verify-tech-team",
            "permission": "pull",
            "privacy": "closed",
            "slug": "verify-tech-team"
          }
        }
      ]
    },
    {
      "module": "module.user_bjgill",
      "mode": "data",
      "type": "github_team",
      "name": "tech_team",
      "provider": "provider.github",
      "instances": [
        {
          "schema_version": 0,
          "attributes": {
            "description": "Verify Tech Team",
            "id": "2830432",
            "members": [
              "idrop",
              "galund",
              "issyl0",
              "mrwilson",
              "philandstuff",
              "chrisholmes",
              "Krenair",
              "thomasalanlee",
              "mmhmm",
              "tlwr",
              "kerrr",
              "instantiator",
              "zilnhoj",
              "Todai88",
              "robinmitra",
              "brenetic",
              "nacnudus",
              "CharlesIC",
              "jkunle",
              "sakisv",
              "stephengrier",
              "ronocg",
              "Rosa-Fox",
              "AnneCarr",
              "ida-build-bot",
              "chrisclayson",
              "smford",
              "blairboy362",
              "Wynndow",
              "andy-paine"
            ],
            "name": "verify-tech-team",
            "permission": "pull",
            "privacy": "closed",
            "slug": "verify-tech-team"
          }
        }
      ]
    },
    {
      "module": "module.user_blairboy362",
      "mode": "data",
      "type": "github_team",
      "name": "tech_team",
      "provider": "provider.github",
      "instances": [
        {
          "schema_version": 0,
          "attributes": {
            "description": "Verify Tech Team",
            "id": "2830432",
            "members": [
              "idrop",
              "galund",
              "issyl0",
              "mrwilson",
              "philandstuff",
              "chrisholmes",
              "Krenair",
              "thomasalanlee",
              "mmhmm",
              "tlwr",
              "kerrr",
              "instantiator",
              "zilnhoj",
              "Todai88",
              "robinmitra",
              "brenetic",
              "nacnudus",
              "CharlesIC",
              "jkunle",
              "sakisv",
              "stephengrier",
              "ronocg",
              "Rosa-Fox",
              "AnneCarr",
              "ida-build-bot",
              "chrisclayson",
              "smford",
              "blairboy362",
              "Wynndow",
              "andy-paine"
            ],
            "name": "verify-tech-team",
            "permission": "pull",
            "privacy": "closed",
            "slug": "verify-tech-team"
          }
        }
      ]
    },
    {
      "module": "module.user_thomasalanlee",
      "mode": "data",
      "type": "github_team",
      "name": "tech_team",
      "provider": "provider.github",
      "instances": [
        {
          "schema_version": 0,
          "attributes": {
            "description": "Verify Tech Team",
            "id": "2830432",
            "members": [
              "idrop",
              "galund",
              "issyl0",
              "mrwilson",
              "philandstuff",
              "chrisholmes",
              "Krenair",
              "thomasalanlee",
              "mmhmm",
              "tlwr",
              "kerrr",
              "instantiator",
              "zilnhoj",
              "Todai88",
              "robinmitra",
              "brenetic",
              "nacnudus",
              "CharlesIC",
              "jkunle",
              "sakisv",
              "stephengrier",
              "ronocg",
              "Rosa-Fox",
              "AnneCarr",
              "ida-build-bot",
              "chrisclayson",
              "smford",
              "blairboy362",
              "Wynndow",
              "andy-paine"
            ],
            "name": "verify-tech-team",
            "permission": "pull",
            "privacy": "closed",
            "slug": "verify-tech-team"
          }
        }
      ]
    },
    {
      "module": "module.user_sarahdean",
      "mode": "data",
      "type": "github_team",
      "name": "tech_team",
      "provider": "provider.github",
      "instances": [
        {
          "schema_version": 0,
          "attributes": {
            "description": "Verify Tech Team",
            "id": "2830432",
            "members": [
              "idrop",
              "galund",
              "issyl0",
              "mrwilson",
              "philandstuff",
              "chrisholmes",
              "Krenair",
              "thomasalanlee",
              "mmhmm",
              "tlwr",
              "kerrr",
              "instantiator",
              "zilnhoj",
              "Todai88",
              "robinmitra",
              "brenetic",
              "nacnudus",
              "CharlesIC",
              "jkunle",
              "sakisv",
              "stephengrier",
              "ronocg",
              "Rosa-Fox",
              "AnneCarr",
              "ida-build-bot",
              "chrisclayson",
              "smford",
              "blairboy362",
              "Wynndow",
              "andy-paine"
            ],
            "name": "verify-tech-team",
            "permission": "pull",
            "privacy": "closed",
            "slug": "verify-tech-team"
          }
        }
      ]
    },
    {
      "module": "module.user_robinmitra",
      "mode": "data",
      "type": "github_team",
      "name": "tech_team",
      "provider": "provider.github",
      "instances": [
        {
          "schema_version": 0,
          "attributes": {
            "description": "Verify Tech Team",
            "id": "2830432",
            "members": [
              "idrop",
              "galund",
              "issyl0",
              "mrwilson",
              "philandstuff",
              "chrisholmes",
              "Krenair",
              "thomasalanlee",
              "mmhmm",
              "tlwr",
              "kerrr",
              "instantiator",
              "zilnhoj",
              "Todai88",
              "robinmitra",
              "brenetic",
              "nacnudus",
              "CharlesIC",
              "jkunle",
              "sakisv",
              "stephengrier",
              "ronocg",
              "Rosa-Fox",
              "AnneCarr",
              "ida-build-bot",
              "chrisclayson",
              "smford",
              "blairboy362",
              "Wynndow",
              "andy-paine"
            ],
            "name": "verify-tech-team",
            "permission": "pull",
            "privacy": "closed",
            "slug": "verify-tech-team"
          }
        }
      ]
    },
    {
      "module": "module.user_adityapahuja",
      "mode": "data",
      "type": "github_team",
      "name": "tech_team",
      "provider": "provider.github",
      "instances": [
        {
          "schema_version": 0,
          "attributes": {
            "description": "Verify Tech Team",
            "id": "2830432",
            "members": [
              "idrop",
              "galund",
              "issyl0",
              "mrwilson",
              "philandstuff",
              "chrisholmes",
              "Krenair",
              "thomasalanlee",
              "mmhmm",
              "tlwr",
              "kerrr",
              "instantiator",
              "zilnhoj",
              "Todai88",
              "robinmitra",
              "brenetic",
              "nacnudus",
              "CharlesIC",
              "jkunle",
              "sakisv",
              "stephengrier",
              "ronocg",
              "Rosa-Fox",
              "AnneCarr",
              "ida-build-bot",
              "chrisclayson",
              "smford",
              "blairboy362",
              "Wynndow",
              "andy-paine"
            ],
            "name": "verify-tech-team",
            "permission": "pull",
            "privacy": "closed",
            "slug": "verify-tech-team"
          }
        }
      ]
    },
    {
      "module": "module.user_ronocg",
      "mode": "data",
      "type": "github_team",
      "name": "tech_team",
      "provider": "provider.github",
      "instances": [
        {
          "schema_version": 0,
          "attributes": {
            "description": "Verify Tech Team",
            "id": "2830432",
            "members": [
              "idrop",
              "galund",
              "issyl0",
              "mrwilson",
              "philandstuff",
              "chrisholmes",
              "Krenair",
              "thomasalanlee",
              "mmhmm",
              "tlwr",
              "kerrr",
              "instantiator",
              "zilnhoj",
              "Todai88",
              "robinmitra",
              "brenetic",
              "nacnudus",
              "CharlesIC",
              "jkunle",
              "sakisv",
              "stephengrier",
              "ronocg",
              "Rosa-Fox",
              "AnneCarr",
              "ida-build-bot",
              "chrisclayson",
              "smford",
              "blairboy362",
              "Wynndow",
              "andy-paine"
            ],
            "name": "verify-tech-team",
            "permission": "pull",
            "privacy": "closed",
            "slug": "verify-tech-team"
          }
        }
      ]
    },
    {
      "module": "module.user_jhjava",
      "mode": "data",
      "type": "github_team",
      "name": "tech_team",
      "provider": "provider.github",
      "instances": [
        {
          "schema_version": 0,
          "attributes": {
            "description": "Verify Tech Team",
            "id": "2830432",
            "members": [
              "idrop",
              "galund",
              "issyl0",
              "mrwilson",
              "philandstuff",
              "chrisholmes",
              "Krenair",
              "thomasalanlee",
              "mmhmm",
              "tlwr",
              "kerrr",
              "instantiator",
              "zilnhoj",
              "Todai88",
              "robinmitra",
              "brenetic",
              "nacnudus",
              "CharlesIC",
              "jkunle",
              "sakisv",
              "stephengrier",
              "ronocg",
              "Rosa-Fox",
              "AnneCarr",
              "ida-build-bot",
              "chrisclayson",
              "smford",
              "blairboy362",
              "Wynndow",
              "andy-paine"
            ],
            "name": "verify-tech-team",
            "permission": "pull",
            "privacy": "closed",
            "slug": "verify-tech-team"
          }
        }
      ]
    },
    {
      "module": "module.user_chris_wynne",
      "mode": "data",
      "type": "github_team",
      "name": "tech_team",
      "provider": "provider.github",
      "instances": [
        {
          "schema_version": 0,
          "attributes": {
            "description": "Verify Tech Team",
            "id": "2830432",
            "members": [
              "idrop",
              "galund",
              "issyl0",
              "mrwilson",
              "philandstuff",
              "chrisholmes",
              "Krenair",
              "thomasalanlee",
              "mmhmm",
              "tlwr",
              "kerrr",
              "instantiator",
              "zilnhoj",
              "Todai88",
              "robinmitra",
              "brenetic",
              "nacnudus",
              "CharlesIC",
              "jkunle",
              "sakisv",
              "stephengrier",
              "ronocg",
              "Rosa-Fox",
              "AnneCarr",
              "ida-build-bot",
              "chrisclayson",
              "smford",
              "blairboy362",
              "Wynndow",
              "andy-paine"
            ],
            "name": "verify-tech-team",
            "permission": "pull",
            "privacy": "closed",
            "slug": "verify-tech-team"
          }
        }
      ]
    },
    {
      "module": "module.user_mhussein_gds",
      "mode": "data",
      "type": "github_team",
      "name": "tech_team",
      "provider": "provider.github",
      "instances": [
        {
          "schema_version": 0,
          "attributes": {
            "description": "Verify Tech Team",
            "id": "2830432",
            "members": [
              "idrop",
              "galund",
              "issyl0",
              "mrwilson",
              "philandstuff",
              "chrisholmes",
              "Krenair",
              "thomasalanlee",
              "mmhmm",
              "tlwr",
              "kerrr",
              "instantiator",
              "zilnhoj",
              "Todai88",
              "robinmitra",
              "brenetic",
              "nacnudus",
              "CharlesIC",
              "jkunle",
              "sakisv",
              "stephengrier",
              "ronocg",
              "Rosa-Fox",
              "AnneCarr",
              "ida-build-bot",
              "chrisclayson",
              "smford",
              "blairboy362",
              "Wynndow",
              "andy-paine"
            ],
            "name": "verify-tech-team",
            "permission": "pull",
            "privacy": "closed",
            "slug": "verify-tech-team"
          }
        }
      ]
    },
    {
      "module": "module.user_dbes_gds",
      "mode": "data",
      "type": "github_team",
      "name": "tech_team",
      "provider": "provider.github",
      "instances": [
        {
          "schema_version": 0,
          "attributes": {
            "description": "Verify Tech Team",
            "id": "2830432",
            "members": [
              "idrop",
              "galund",
              "issyl0",
              "mrwilson",
              "philandstuff",
              "chrisholmes",
              "Krenair",
              "thomasalanlee",
              "mmhmm",
              "tlwr",
              "kerrr",
              "instantiator",
              "zilnhoj",
              "Todai88",
              "robinmitra",
              "brenetic",
              "nacnudus",
              "CharlesIC",
              "jkunle",
              "sakisv",
              "stephengrier",
              "ronocg",
              "Rosa-Fox",
              "AnneCarr",
              "ida-build-bot",
              "chrisclayson",
              "smford",
              "blairboy362",
              "Wynndow",
              "andy-paine"
            ],
            "name": "verify-tech-team",
            "permission": "pull",
            "privacy": "closed",
            "slug": "verify-tech-team"
          }
        }
      ]
    },
    {
      "module": "module.user_szd55gds",
      "mode": "data",
      "type": "github_team",
      "name": "tech_team",
      "provider": "provider.github",
      "instances": [
        {
          "schema_version": 0,
          "attributes": {
            "description": "Verify Tech Team",
            "id": "2830432",
            "members": [
              "idrop",
              "galund",
              "issyl0",
              "mrwilson",
              "philandstuff",
              "chrisholmes",
              "Krenair",
              "thomasalanlee",
              "mmhmm",
              "tlwr",
              "kerrr",
              "instantiator",
              "zilnhoj",
              "Todai88",
              "robinmitra",
              "brenetic",
              "nacnudus",
              "CharlesIC",
              "jkunle",
              "sakisv",
              "stephengrier",
              "ronocg",
              "Rosa-Fox",
              "AnneCarr",
              "ida-build-bot",
              "chrisclayson",
              "smford",
              "blairboy362",
              "Wynndow",
              "andy-paine"
            ],
            "name": "verify-tech-team",
            "permission": "pull",
            "privacy": "closed",
            "slug": "verify-tech-team"
          }
        }
      ]
    },
    {
      "module": "module.user_idacodacybot",
      "mode": "data",
      "type": "github_team",
      "name": "tech_team",
      "provider": "provider.github",
      "instances": [
        {
          "schema_version": 0,
          "attributes": {
            "description": "Verify Tech Team",
            "id": "2830432",
            "members": [
              "idrop",
              "galund",
              "issyl0",
              "mrwilson",
              "philandstuff",
              "chrisholmes",
              "Krenair",
              "thomasalanlee",
              "mmhmm",
              "tlwr",
              "kerrr",
              "instantiator",
              "zilnhoj",
              "Todai88",
              "robinmitra",
              "brenetic",
              "nacnudus",
              "CharlesIC",
              "jkunle",
              "sakisv",
              "stephengrier",
              "ronocg",
              "Rosa-Fox",
              "AnneCarr",
              "ida-build-bot",
              "chrisclayson",
              "smford",
              "blairboy362",
              "Wynndow",
              "andy-paine"
            ],
            "name": "verify-tech-team",
            "permission": "pull",
            "privacy": "closed",
            "slug": "verify-tech-team"
          }
        }
      ]
    },
    {
      "module": "module.user_andy_paine",
      "mode": "data",
      "type": "github_team",
      "name": "tech_team",
      "provider": "provider.github",
      "instances": [
        {
          "schema_version": 0,
          "attributes": {
            "description": "Verify Tech Team",
            "id": "2830432",
            "members": [
              "idrop",
              "galund",
              "issyl0",
              "mrwilson",
              "philandstuff",
              "chrisholmes",
              "Krenair",
              "thomasalanlee",
              "mmhmm",
              "tlwr",
              "kerrr",
              "instantiator",
              "zilnhoj",
              "Todai88",
              "robinmitra",
              "brenetic",
              "nacnudus",
              "CharlesIC",
              "jkunle",
              "sakisv",
              "stephengrier",
              "ronocg",
              "Rosa-Fox",
              "AnneCarr",
              "ida-build-bot",
              "chrisclayson",
              "smford",
              "blairboy362",
              "Wynndow",
              "andy-paine"
            ],
            "name": "verify-tech-team",
            "permission": "pull",
            "privacy": "closed",
            "slug": "verify-tech-team"
          }
        }
      ]
    },
    {
      "module": "module.user_ida_build_bot",
      "mode": "data",
      "type": "github_team",
      "name": "tech_team",
      "provider": "provider.github",
      "instances": [
        {
          "schema_version": 0,
          "attributes": {
            "description": "Verify Tech Team",
            "id": "2830432",
            "members": [
              "idrop",
              "galund",
              "issyl0",
              "mrwilson",
              "philandstuff",
              "chrisholmes",
              "Krenair",
              "thomasalanlee",
              "mmhmm",
              "tlwr",
              "kerrr",
              "instantiator",
              "zilnhoj",
              "Todai88",
              "robinmitra",
              "brenetic",
              "nacnudus",
              "CharlesIC",
              "jkunle",
              "sakisv",
              "stephengrier",
              "ronocg",
              "Rosa-Fox",
              "AnneCarr",
              "ida-build-bot",
              "chrisclayson",
              "smford",
              "blairboy362",
              "Wynndow",
              "andy-paine"
            ],
            "name": "verify-tech-team",
            "permission": "pull",
            "privacy": "closed",
            "slug": "verify-tech-team"
          }
        }
      ]
    },
    {
      "module": "module.user_bravegrape",
      "mode": "data",
      "type": "github_team",
      "name": "tech_team",
      "provider": "provider.github",
      "instances": [
        {
          "schema_version": 0,
          "attributes": {
            "description": "Verify Tech Team",
            "id": "2830432",
            "members": [
              "idrop",
              "galund",
              "issyl0",
              "mrwilson",
              "philandstuff",
              "chrisholmes",
              "Krenair",
              "thomasalanlee",
              "mmhmm",
              "tlwr",
              "kerrr",
              "instantiator",
              "zilnhoj",
              "Todai88",
              "robinmitra",
              "brenetic",
              "nacnudus",
              "CharlesIC",
              "jkunle",
              "sakisv",
              "stephengrier",
              "ronocg",
              "Rosa-Fox",
              "AnneCarr",
              "ida-build-bot",
              "chrisclayson",
              "smford",
              "blairboy362",
              "Wynndow",
              "andy-paine"
            ],
            "name": "verify-tech-team",
            "permission": "pull",
            "privacy": "closed",
            "slug": "verify-tech-team"
          }
        }
      ]
    },
    {
      "module": "module.user_tomrosier",
      "mode": "data",
      "type": "github_team",
      "name": "tech_team",
      "provider": "provider.github",
      "instances": [
        {
          "schema_version": 0,
          "attributes": {
            "description": "Verify Tech Team",
            "id": "2830432",
            "members": [
              "idrop",
              "galund",
              "issyl0",
              "mrwilson",
              "philandstuff",
              "chrisholmes",
              "Krenair",
              "thomasalanlee",
              "mmhmm",
              "tlwr",
              "kerrr",
              "instantiator",
              "zilnhoj",
              "Todai88",
              "robinmitra",
              "brenetic",
              "nacnudus",
              "CharlesIC",
              "jkunle",
              "sakisv",
              "stephengrier",
              "ronocg",
              "Rosa-Fox",
              "AnneCarr",
              "ida-build-bot",
              "chrisclayson",
              "smford",
              "blairboy362",
              "Wynndow",
              "andy-paine"
            ],
            "name": "verify-tech-team",
            "permission": "pull",
            "privacy": "closed",
            "slug": "verify-tech-team"
          }
        }
      ]
    },
    {
      "module": "module.user_mrwilson",
      "mode": "data",
      "type": "github_team",
      "name": "tech_team",
      "provider": "provider.github",
      "instances": [
        {
          "schema_version": 0,
          "attributes": {
            "description": "Verify Tech Team",
            "id": "2830432",
            "members": [
              "idrop",
              "galund",
              "issyl0",
              "mrwilson",
              "philandstuff",
              "chrisholmes",
              "Krenair",
              "thomasalanlee",
              "mmhmm",
              "tlwr",
              "kerrr",
              "instantiator",
              "zilnhoj",
              "Todai88",
              "robinmitra",
              "brenetic",
              "nacnudus",
              "CharlesIC",
              "jkunle",
              "sakisv",
              "stephengrier",
              "ronocg",
              "Rosa-Fox",
              "AnneCarr",
              "ida-build-bot",
              "chrisclayson",
              "smford",
              "blairboy362",
              "Wynndow",
              "andy-paine"
            ],
            "name": "verify-tech-team",
            "permission": "pull",
            "privacy": "closed",
            "slug": "verify-tech-team"
          }
        }
      ]
    },
    {
      "module": "module.user_mariaslo",
      "mode": "data",
      "type": "github_team",
      "name": "tech_team",
      "provider": "provider.github",
      "instances": [
        {
          "schema_version": 0,
          "attributes": {
            "description": "Verify Tech Team",
            "id": "2830432",
            "members": [
              "idrop",
              "galund",
              "issyl0",
              "mrwilson",
              "philandstuff",
              "chrisholmes",
              "Krenair",
              "thomasalanlee",
              "mmhmm",
              "tlwr",
              "kerrr",
              "instantiator",
              "zilnhoj",
              "Todai88",
              "robinmitra",
              "brenetic",
              "nacnudus",
              "CharlesIC",
              "jkunle",
              "sakisv",
              "stephengrier",
              "ronocg",
              "Rosa-Fox",
              "AnneCarr",
              "ida-build-bot",
              "chrisclayson",
              "smford",
              "blairboy362",
              "Wynndow",
              "andy-paine"
            ],
            "name": "verify-tech-team",
            "permission": "pull",
            "privacy": "closed",
            "slug": "verify-tech-team"
          }
        }
      ]
    },
    {
      "module": "module.user_michaelabenyohai",
      "mode": "data",
      "type": "github_team",
      "name": "tech_team",
      "provider": "provider.github",
      "instances": [
        {
          "schema_version": 0,
          "attributes": {
            "description": "Verify Tech Team",
            "id": "2830432",
            "members": [
              "idrop",
              "galund",
              "issyl0",
              "mrwilson",
              "philandstuff",
              "chrisholmes",
              "Krenair",
              "thomasalanlee",
              "mmhmm",
              "tlwr",
              "kerrr",
              "instantiator",
              "zilnhoj",
              "Todai88",
              "robinmitra",
              "brenetic",
              "nacnudus",
              "CharlesIC",
              "jkunle",
              "sakisv",
              "stephengrier",
              "ronocg",
              "Rosa-Fox",
              "AnneCarr",
              "ida-build-bot",
              "chrisclayson",
              "smford",
              "blairboy362",
              "Wynndow",
              "andy-paine"
            ],
            "name": "verify-tech-team",
            "permission": "pull",
            "privacy": "closed",
            "slug": "verify-tech-team"
          }
        }
      ]
    },
    {
      "module": "module.user_kerrr",
      "mode": "managed",
      "type": "github_team_membership",
      "name": "team_membership",
      "each": "list",
      "provider": "provider.github",
      "instances": [
        {
          "index_key": 0,
          "schema_version": 0,
          "attributes": {
            "etag": "W/\"baf4aadb44b5bd982030fb325d29ee53\"",
            "id": "2826122:kerrr",
            "role": "member",
            "team_id": "2826122",
            "username": "kerrr"
          }
        }
      ]
    },
    {
      "module": "module.user_racinghippo",
      "mode": "managed",
      "type": "github_team_membership",
      "name": "team_membership",
      "each": "list",
      "provider": "provider.github",
      "instances": [
        {
          "index_key": 0,
          "schema_version": 0,
          "attributes": {
            "etag": "W/\"9ca3f16489b3640b64c1002ddde6fe93\"",
            "id": "2826122:RacingHippo",
            "role": "member",
            "team_id": "2826122",
            "username": "RacingHippo"
          }
        }
      ]
    },
    {
      "module": "module.user_rosa_fox",
      "mode": "managed",
      "type": "github_team_membership",
      "name": "team_membership",
      "each": "list",
      "provider": "provider.github",
      "instances": [
        {
          "index_key": 0,
          "schema_version": 0,
          "attributes": {
            "etag": "W/\"88d5c7afa6fcb6fbb878e90c73616094\"",
            "id": "2826122:Rosa-Fox",
            "role": "member",
            "team_id": "2826122",
            "username": "Rosa-Fox"
          }
        }
      ]
    },
    {
      "module": "module.user_idrop",
      "mode": "managed",
      "type": "github_team_membership",
      "name": "team_membership",
      "each": "list",
      "provider": "provider.github",
      "instances": [
        {
          "index_key": 0,
          "schema_version": 0,
          "attributes": {
            "etag": "W/\"c6b1af648e78567e5c9f4a2125596aa3\"",
            "id": "2826122:idrop",
            "role": "member",
            "team_id": "2826122",
            "username": "idrop"
          }
        },
        {
          "index_key": 1,
          "schema_version": 0,
          "attributes": {
            "etag": "W/\"2f5709053d5a17de10c07bd715d50712\"",
            "id": "2826126:idrop",
            "role": "member",
            "team_id": "2826126",
            "username": "idrop"
          }
        }
      ]
    },
    {
      "module": "module.user_brenetic",
      "mode": "managed",
      "type": "github_team_membership",
      "name": "team_membership",
      "each": "list",
      "provider": "provider.github",
      "instances": [
        {
          "index_key": 0,
          "schema_version": 0,
          "attributes": {
            "etag": "W/\"65f7c96a248edd8da519d69e3b7129c4\"",
            "id": "2826122:brenetic",
            "role": "maintainer",
            "team_id": "2826122",
            "username": "brenetic"
          }
        }
      ]
    },
    {
      "module": "module.user_tlwr",
      "mode": "managed",
      "type": "github_team_membership",
      "name": "team_membership",
      "each": "list",
      "provider": "provider.github",
      "instances": [
        {
          "index_key": 0,
          "schema_version": 0,
          "attributes": {
            "etag": "W/\"115197796bdbf92a872e1358b8403417\"",
            "id": "2826122:tlwr",
            "role": "member",
            "team_id": "2826122",
            "username": "tlwr"
          },
          "private": "bnVsbA=="
        },
        {
          "index_key": 1,
          "schema_version": 0,
          "attributes": {
            "etag": "W/\"71883514d92580b69f1eae0c460118c2\"",
            "id": "2826127:tlwr",
            "role": "member",
            "team_id": "2826127",
            "username": "tlwr"
          },
          "private": "bnVsbA=="
        }
      ]
    },
    {
      "module": "module.user_chrisholmes",
      "mode": "managed",
      "type": "github_team_membership",
      "name": "team_membership",
      "each": "list",
      "provider": "provider.github",
      "instances": [
        {
          "index_key": 0,
          "schema_version": 0,
          "attributes": {
            "etag": "W/\"af71182099dbb516ed1262293cc77afa\"",
            "id": "2826122:chrisholmes",
            "role": "maintainer",
            "team_id": "2826122",
            "username": "chrisholmes"
          }
        },
        {
          "index_key": 1,
          "schema_version": 0,
          "attributes": {
            "etag": "W/\"4e7a51a13e12a4f85fbca35ba92093d5\"",
            "id": "2826126:chrisholmes",
            "role": "maintainer",
            "team_id": "2826126",
            "username": "chrisholmes"
          }
        },
        {
          "index_key": 2,
          "schema_version": 0,
          "attributes": {
            "etag": "W/\"38037cb56c8efd7fb7e60a84e7ef6baa\"",
            "id": "2826127:chrisholmes",
            "role": "maintainer",
            "team_id": "2826127",
            "username": "chrisholmes"
          }
        }
      ]
    },
    {
      "module": "module.user_zilnhoj",
      "mode": "managed",
      "type": "github_team_membership",
      "name": "team_membership",
      "each": "list",
      "provider": "provider.github",
      "instances": [
        {
          "index_key": 0,
          "schema_version": 0,
          "attributes": {
            "etag": "W/\"a997c21b5dbf77cdf98f587c28854734\"",
            "id": "2826122:zilnhoj",
            "role": "member",
            "team_id": "2826122",
            "username": "zilnhoj"
          }
        }
      ]
    },
    {
      "module": "module.user_danielblair",
      "mode": "managed",
      "type": "github_team_membership",
      "name": "team_membership",
      "each": "list",
      "provider": "provider.github",
      "instances": [
        {
          "index_key": 0,
          "schema_version": 0,
          "attributes": {
            "etag": "W/\"61c5db5e15ce6fcef8377fbd66827dbf\"",
            "id": "2826122:blairboy362",
            "role": "member",
            "team_id": "2826122",
            "username": "blairboy362"
          }
        },
        {
          "index_key": 1,
          "schema_version": 0,
          "attributes": {
            "etag": "W/\"35eed2586bc99787cc81fe68324bec58\"",
            "id": "2826126:blairboy362",
            "role": "member",
            "team_id": "2826126",
            "username": "blairboy362"
          }
        }
      ]
    },
    {
      "module": "module.user_nacnudus",
      "mode": "managed",
      "type": "github_team_membership",
      "name": "team_membership",
      "each": "list",
      "provider": "provider.github",
      "instances": [
        {
          "index_key": 0,
          "schema_version": 0,
          "attributes": {
            "etag": "W/\"4d665b7b44875bbf229bc2fcf39adc42\"",
            "id": "2826122:nacnudus",
            "role": "member",
            "team_id": "2826122",
            "username": "nacnudus"
          }
        }
      ]
    },
    {
      "module": "module.user_alex_monk",
      "mode": "managed",
      "type": "github_team_membership",
      "name": "team_membership",
      "each": "list",
      "provider": "provider.github",
      "instances": [
        {
          "index_key": 0,
          "schema_version": 0,
          "attributes": {
            "etag": "W/\"7f82051489f1c2dcdee87eae485a2879\"",
            "id": "2826122:Krenair",
            "role": "member",
            "team_id": "2826122",
            "username": "Krenair"
          }
        },
        {
          "index_key": 1,
          "schema_version": 0,
          "attributes": {
            "etag": "W/\"255461bdbed2500111dfd5a19fc9171e\"",
            "id": "2826127:Krenair",
            "role": "member",
            "team_id": "2826127",
            "username": "Krenair"
          }
        }
      ]
    },
    {
      "module": "module.user_alexandergeegds",
      "mode": "managed",
      "type": "github_team_membership",
      "name": "team_membership",
      "each": "list",
      "provider": "provider.github",
      "instances": [
        {
          "index_key": 0,
          "schema_version": 0,
          "attributes": {
            "etag": "W/\"dca4b1290f2791b0d1340dea425a000f\"",
            "id": "2826122:alexandergeegds",
            "role": "member",
            "team_id": "2826122",
            "username": "alexandergeegds"
          }
        }
      ]
    },
    {
      "module": "module.user_jakubmiarka",
      "mode": "managed",
      "type": "github_team_membership",
      "name": "team_membership",
      "each": "list",
      "provider": "provider.github",
      "instances": [
        {
          "index_key": 0,
          "schema_version": 0,
          "attributes": {
            "etag": "W/\"095938d72daed1eacc53fac1d4c91ead\"",
            "id": "2826122:jakubmiarka",
            "role": "maintainer",
            "team_id": "2826122",
            "username": "jakubmiarka"
          }
        }
      ]
    },
    {
      "module": "module.user_johnwattsgds",
      "mode": "managed",
      "type": "github_team_membership",
      "name": "team_membership",
      "each": "list",
      "provider": "provider.github",
      "instances": [
        {
          "index_key": 0,
          "schema_version": 0,
          "attributes": {
            "etag": "W/\"4d4fb4c8eec8f29b6dac78d43e8a5291\"",
            "id": "2826122:johnwattsgds",
            "role": "member",
            "team_id": "2826122",
            "username": "JohnWattsGDS"
          }
        },
        {
          "index_key": 1,
          "schema_version": 0,
          "attributes": {
            "etag": "W/\"f4c32eca155d741ab378e4d1255431e5\"",
            "id": "2826126:JohnWattsGDS",
            "role": "member",
            "team_id": "2826126",
            "username": "JohnWattsGDS"
          }
        }
      ]
    },
    {
      "module": "module.user_j_maynard",
      "mode": "managed",
      "type": "github_team_membership",
      "name": "team_membership",
      "each": "list",
      "provider": "provider.github",
      "instances": [
        {
          "index_key": 0,
          "schema_version": 0,
          "attributes": {
            "etag": "W/\"8f73bb9960c232c5c57e6fcba95db313\"",
            "id": "2826122:j-maynard",
            "role": "member",
            "team_id": "2826122",
            "username": "j-maynard"
          }
        }
      ]
    },
    {
      "module": "module.user_sistephens",
      "mode": "managed",
      "type": "github_team_membership",
      "name": "team_membership",
      "each": "list",
      "provider": "provider.github",
      "instances": [
        {
          "index_key": 0,
          "schema_version": 0,
          "attributes": {
            "etag": "W/\"c7ab1576afde133606f8ee34bf9ad196\"",
            "id": "2826122:sistephens",
            "role": "member",
            "team_id": "2826122",
            "username": "sistephens"
          },
          "private": "bnVsbA=="
        },
        {
          "index_key": 1,
          "schema_version": 0,
          "attributes": {
            "etag": "W/\"f4092613ea3d681c1fa27ebb17d1cc65\"",
            "id": "2826126:sistephens",
            "role": "member",
            "team_id": "2826126",
            "username": "sistephens"
          },
          "private": "bnVsbA=="
        }
      ]
    },
    {
      "module": "module.user_galund",
      "mode": "managed",
      "type": "github_team_membership",
      "name": "team_membership",
      "each": "list",
      "provider": "provider.github",
      "instances": [
        {
          "index_key": 0,
          "schema_version": 0,
          "attributes": {
            "etag": "W/\"e276881fc325508f7b64cd01bf998fc1\"",
            "id": "2826122:galund",
            "role": "member",
            "team_id": "2826122",
            "username": "galund"
          }
        }
      ]
    },
    {
      "module": "module.user_jstandring_gds",
      "mode": "managed",
      "type": "github_team_membership",
      "name": "team_membership",
      "each": "list",
      "provider": "provider.github",
      "instances": [
        {
          "index_key": 0,
          "schema_version": 0,
          "attributes": {
            "etag": "W/\"8387519559f5c3c16b16d0eb11704d64\"",
            "id": "2826127:jstandring-gds",
            "role": "member",
            "team_id": "2826127",
            "username": "jstandring-gds"
          }
        }
      ]
    },
    {
      "module": "module.user_annecarr",
      "mode": "managed",
      "type": "github_team_membership",
      "name": "team_membership",
      "each": "list",
      "provider": "provider.github",
      "instances": [
        {
          "index_key": 0,
          "schema_version": 0,
          "attributes": {
            "etag": "W/\"b4394d924c2a1e19f3d0dbb613a22655\"",
            "id": "2826122:AnneCarr",
            "role": "member",
            "team_id": "2826122",
            "username": "AnneCarr"
          }
        }
      ]
    },
    {
      "module": "module.user_todai88",
      "mode": "managed",
      "type": "github_team_membership",
      "name": "team_membership",
      "each": "list",
      "provider": "provider.github",
      "instances": [
        {
          "index_key": 0,
          "schema_version": 0,
          "attributes": {
            "etag": "W/\"503bbc47e28e67d6c00d955335f3186a\"",
            "id": "2826122:todai88",
            "role": "member",
            "team_id": "2826122",
            "username": "Todai88"
          }
        }
      ]
    },
    {
      "module": "module.user_benjamin_mortimer",
      "mode": "managed",
      "type": "github_team_membership",
      "name": "team_membership",
      "each": "list",
      "provider": "provider.github",
      "instances": [
        {
          "index_key": 0,
          "schema_version": 0,
          "attributes": {
            "etag": "W/\"4017dd1defd055112ef7f8683c473a0c\"",
            "id": "2826122:benjamin-mortimer",
            "role": "member",
            "team_id": "2826122",
            "username": "benjamin-mortimer"
          }
        },
        {
          "index_key": 1,
          "schema_version": 0,
          "attributes": {
            "etag": "W/\"e5e4cdcbe2aff846de760cc0ce1db27b\"",
            "id": "2826126:benjamin-mortimer",
            "role": "member",
            "team_id": "2826126",
            "username": "benjamin-mortimer"
          }
        }
      ]
    },
    {
      "module": "module.user_amritsidhu",
      "mode": "managed",
      "type": "github_team_membership",
      "name": "team_membership",
      "each": "list",
      "provider": "provider.github",
      "instances": [
        {
          "index_key": 0,
          "schema_version": 0,
          "attributes": {
            "etag": "W/\"f599ce6cc2ded082d07e6a733766408b\"",
            "id": "2826122:AmritSidhu",
            "role": "member",
            "team_id": "2826122",
            "username": "AmritSidhu"
          }
        }
      ]
    },
    {
      "module": "module.user_jkunle",
      "mode": "managed",
      "type": "github_team_membership",
      "name": "team_membership",
      "each": "list",
      "provider": "provider.github",
      "instances": [
        {
          "index_key": 0,
          "schema_version": 0,
          "attributes": {
            "etag": "W/\"d00b4f59e346aac0b785fb281f8cecf1\"",
            "id": "2826122:jkunle",
            "role": "member",
            "team_id": "2826122",
            "username": "jkunle"
          }
        }
      ]
    },
    {
      "module": "module.user_gdsnewt",
      "mode": "managed",
      "type": "github_team_membership",
      "name": "team_membership",
      "each": "list",
      "provider": "provider.github",
      "instances": [
        {
          "index_key": 0,
          "schema_version": 0,
          "attributes": {
            "etag": "W/\"d912ce0c55291064f8284f8ca36e6bfb\"",
            "id": "2826122:GDSNewt",
            "role": "member",
            "team_id": "2826122",
            "username": "GDSNewt"
          }
        }
      ]
    },
    {
      "module": "module.user_mmhmm",
      "mode": "managed",
      "type": "github_team_membership",
      "name": "team_membership",
      "each": "list",
      "provider": "provider.github",
      "instances": [
        {
          "index_key": 0,
          "schema_version": 0,
          "attributes": {
            "etag": "W/\"c5c44327b5cfafcc153e06dbf53cdb76\"",
            "id": "2826127:mmhmm",
            "role": "member",
            "team_id": "2826127",
            "username": "mmhmm"
          }
        }
      ]
    },
    {
      "module": "module.user_smford",
      "mode": "managed",
      "type": "github_team_membership",
      "name": "team_membership",
      "each": "list",
      "provider": "provider.github",
      "instances": [
        {
          "index_key": 0,
          "schema_version": 0,
          "attributes": {
            "etag": "W/\"0384e652040abe3ebcd96c74b2528a81\"",
            "id": "2826127:smford",
            "role": "member",
            "team_id": "2826127",
            "username": "smford"
          },
          "private": "bnVsbA=="
        }
      ]
    },
    {
      "module": "module.user_chrisclayson",
      "mode": "managed",
      "type": "github_team_membership",
      "name": "team_membership",
      "each": "list",
      "provider": "provider.github",
      "instances": [
        {
          "index_key": 0,
          "schema_version": 0,
          "attributes": {
            "etag": "W/\"98aa22c63bfc9899fe8d1c9b742fe353\"",
            "id": "2826122:chrisclayson",
            "role": "member",
            "team_id": "2826122",
            "username": "chrisclayson"
          }
        }
      ]
    },
    {
      "module": "module.user_instantiator",
      "mode": "managed",
      "type": "github_team_membership",
      "name": "team_membership",
      "each": "list",
      "provider": "provider.github",
      "instances": [
        {
          "index_key": 0,
          "schema_version": 0,
          "attributes": {
            "etag": "W/\"30f4f487f18f9be33882ea92e9c83d52\"",
            "id": "2826122:instantiator",
            "role": "member",
            "team_id": "2826122",
            "username": "instantiator"
          }
        },
        {
          "index_key": 1,
          "schema_version": 0,
          "attributes": {
            "etag": "W/\"3c272442c2a3fce9d675e3bfcf496368\"",
            "id": "2826126:instantiator",
            "role": "member",
            "team_id": "2826126",
            "username": "instantiator"
          }
        }
      ]
    },
    {
      "module": "module.user_sakisv",
      "mode": "managed",
      "type": "github_team_membership",
      "name": "team_membership",
      "each": "list",
      "provider": "provider.github",
      "instances": [
        {
          "index_key": 0,
          "schema_version": 0,
          "attributes": {
            "etag": "W/\"07bec1097534fc50d7f6a0d9334ce43e\"",
            "id": "2826122:sakisv",
            "role": "member",
            "team_id": "2826122",
            "username": "sakisv"
          }
        },
        {
          "index_key": 1,
          "schema_version": 0,
          "attributes": {
            "etag": "W/\"d7fb2e505eb94e5bb00bb3be3858b193\"",
            "id": "2826127:sakisv",
            "role": "member",
            "team_id": "2826127",
            "username": "sakisv"
          }
        }
      ]
    },
    {
      "module": "module.user_philandstuff",
      "mode": "managed",
      "type": "github_team_membership",
      "name": "team_membership",
      "each": "list",
      "provider": "provider.github",
      "instances": [
        {
          "index_key": 0,
          "schema_version": 0,
          "attributes": {
            "etag": "W/\"a4ccb62ab5ca57a9642b2ee9ea87c9cc\"",
            "id": "2826122:philandstuff",
            "role": "member",
            "team_id": "2826122",
            "username": "philandstuff"
          },
          "private": "bnVsbA=="
        },
        {
          "index_key": 1,
          "schema_version": 0,
          "attributes": {
            "etag": "W/\"950e72dcb2c930d93b87a0b892767db3\"",
            "id": "2826127:philandstuff",
            "role": "member",
            "team_id": "2826127",
            "username": "philandstuff"
          },
          "private": "bnVsbA=="
        }
      ]
    },
    {
      "module": "module.user_issyl0",
      "mode": "managed",
      "type": "github_team_membership",
      "name": "team_membership",
      "each": "list",
      "provider": "provider.github",
      "instances": [
        {
          "index_key": 0,
          "schema_version": 0,
          "attributes": {
            "etag": "W/\"dc36554e6736bf013aab0fc99c4cc778\"",
            "id": "2826122:issyl0",
            "role": "member",
            "team_id": "2826122",
            "username": "issyl0"
          },
          "private": "bnVsbA=="
        },
        {
          "index_key": 1,
          "schema_version": 0,
          "attributes": {
            "etag": "W/\"c6042e4d3c517c249719eeee4502d617\"",
            "id": "2826127:issyl0",
            "role": "member",
            "team_id": "2826127",
            "username": "issyl0"
          },
          "private": "bnVsbA=="
        }
      ]
    },
    {
      "module": "module.user_alan_gds",
      "mode": "managed",
      "type": "github_team_membership",
      "name": "team_membership",
      "each": "list",
      "provider": "provider.github",
      "instances": [
        {
          "index_key": 0,
          "schema_version": 0,
          "attributes": {
            "etag": "W/\"f3d286ac2f5362a97ec1245520566946\"",
            "id": "2826122:alan-gds",
            "role": "member",
            "team_id": "2826122",
            "username": "alan-gds"
          }
        }
      ]
    },
    {
      "module": "module.user_rhowe_gds",
      "mode": "managed",
      "type": "github_team_membership",
      "name": "team_membership",
      "each": "list",
      "provider": "provider.github",
      "instances": [
        {
          "index_key": 0,
          "schema_version": 0,
          "attributes": {
            "etag": "W/\"44603817c28c3f580a774980046af00c\"",
            "id": "2826122:rhowe-gds",
            "role": "member",
            "team_id": "2826122",
            "username": "rhowe-gds"
          },
          "private": "bnVsbA=="
        },
        {
          "index_key": 1,
          "schema_version": 0,
          "attributes": {
            "etag": "W/\"8c45e1330871806e58d2cf203ad82fc9\"",
            "id": "2826127:rhowe-gds",
            "role": "member",
            "team_id": "2826127",
            "username": "rhowe-gds"
          },
          "private": "bnVsbA=="
        }
      ]
    },
    {
      "module": "module.user_charlesic",
      "mode": "managed",
      "type": "github_team_membership",
      "name": "team_membership",
      "each": "list",
      "provider": "provider.github",
      "instances": [
        {
          "index_key": 0,
          "schema_version": 0,
          "attributes": {
            "etag": "W/\"955d22f45098c09f68f861396541ef80\"",
            "id": "2826122:CharlesIC",
            "role": "maintainer",
            "team_id": "2826122",
            "username": "CharlesIC"
          }
        },
        {
          "index_key": 1,
          "schema_version": 0,
          "attributes": {
            "etag": "W/\"f594683a40c56d26f0857bc0bf071928\"",
            "id": "2826126:CharlesIC",
            "role": "maintainer",
            "team_id": "2826126",
            "username": "CharlesIC"
          }
        }
      ]
    },
    {
      "module": "module.user_coleni",
      "mode": "managed",
      "type": "github_team_membership",
      "name": "team_membership",
      "each": "list",
      "provider": "provider.github",
      "instances": [
        {
          "index_key": 0,
          "schema_version": 0,
          "attributes": {
            "etag": "W/\"c15fc6eaa76726b055b976253f171e18\"",
            "id": "2826122:coleni",
            "role": "member",
            "team_id": "2826122",
            "username": "coleni"
          }
        }
      ]
    },
    {
      "module": "module.user_bjgill",
      "mode": "managed",
      "type": "github_team_membership",
      "name": "team_membership",
      "each": "list",
      "provider": "provider.github",
      "instances": [
        {
          "index_key": 0,
          "schema_version": 0,
          "attributes": {
            "etag": "W/\"221842fe2d4d5b294c4109f72a2a2786\"",
            "id": "2826122:bjgill",
            "role": "member",
            "team_id": "2826122",
            "username": "bjgill"
          }
        }
      ]
    },
    {
      "module": "module.user_blairboy362",
      "mode": "managed",
      "type": "github_team_membership",
      "name": "team_membership",
      "each": "list",
      "provider": "provider.github",
      "instances": [
        {
          "index_key": 0,
          "schema_version": 0,
          "attributes": {
            "etag": "W/\"e99dd63526aaec484825e16882a0ef90\"",
            "id": "2826127:blairboy362",
            "role": "member",
            "team_id": "2826127",
            "username": "blairboy362"
          }
        }
      ]
    },
    {
      "module": "module.user_thomasalanlee",
      "mode": "managed",
      "type": "github_team_membership",
      "name": "team_membership",
      "each": "list",
      "provider": "provider.github",
      "instances": [
        {
          "index_key": 0,
          "schema_version": 0,
          "attributes": {
            "etag": "W/\"cef28950792170224efaf92463933c77\"",
            "id": "2826122:thomasalanlee",
            "role": "maintainer",
            "team_id": "2826122",
            "username": "thomasalanlee"
          }
        },
        {
          "index_key": 1,
          "schema_version": 0,
          "attributes": {
            "etag": "W/\"dd982ee215c5c50ab56a530c59c3e519\"",
            "id": "2826126:thomasalanlee",
            "role": "maintainer",
            "team_id": "2826126",
            "username": "thomasalanlee"
          }
        },
        {
          "index_key": 2,
          "schema_version": 0,
          "attributes": {
            "etag": "W/\"1116454f4f09856e9b7173657b459fd7\"",
            "id": "2826127:thomasalanlee",
            "role": "maintainer",
            "team_id": "2826127",
            "username": "thomasalanlee"
          }
        }
      ]
    },
    {
      "module": "module.user_sarahdean",
      "mode": "managed",
      "type": "github_team_membership",
      "name": "team_membership",
      "each": "list",
      "provider": "provider.github",
      "instances": [
        {
          "index_key": 0,
          "schema_version": 0,
          "attributes": {
            "etag": "W/\"0c3c0fb849572a95acf58ce97c4617c1\"",
            "id": "2826122:sarah-dean",
            "role": "member",
            "team_id": "2826122",
            "username": "sarah-dean"
          }
        }
      ]
    },
    {
      "module": "module.user_robinmitra",
      "mode": "managed",
      "type": "github_team_membership",
      "name": "team_membership",
      "each": "list",
      "provider": "provider.github",
      "instances": [
        {
          "index_key": 0,
          "schema_version": 0,
          "attributes": {
            "etag": "W/\"158aea6dedc53198c0ee779bc51af8ae\"",
            "id": "2826122:robinmitra",
            "role": "member",
            "team_id": "2826122",
            "username": "robinmitra"
          }
        }
      ]
    },
    {
      "module": "module.user_adityapahuja",
      "mode": "managed",
      "type": "github_team_membership",
      "name": "team_membership",
      "each": "list",
      "provider": "provider.github",
      "instances": [
        {
          "index_key": 0,
          "schema_version": 0,
          "attributes": {
            "etag": "W/\"471597e5854e5fc7f845ae765bf30ec9\"",
            "id": "2826122:adityapahuja",
            "role": "member",
            "team_id": "2826122",
            "username": "adityapahuja"
          }
        },
        {
          "index_key": 1,
          "schema_version": 0,
          "attributes": {
            "etag": "W/\"edfb043ff0d01f263700c48930802721\"",
            "id": "2826127:adityapahuja",
            "role": "member",
            "team_id": "2826127",
            "username": "adityapahuja"
          }
        }
      ]
    },
    {
      "module": "module.user_ronocg",
      "mode": "managed",
      "type": "github_team_membership",
      "name": "team_membership",
      "each": "list",
      "provider": "provider.github",
      "instances": [
        {
          "index_key": 0,
          "schema_version": 0,
          "attributes": {
            "etag": "W/\"ed5bf45a665790e22a63f5171d81bd63\"",
            "id": "2826122:ronocg",
            "role": "member",
            "team_id": "2826122",
            "username": "ronocg"
          }
        }
      ]
    },
    {
      "module": "module.user_jhjava",
      "mode": "managed",
      "type": "github_team_membership",
      "name": "team_membership",
      "each": "list",
      "provider": "provider.github",
      "instances": [
        {
          "index_key": 0,
          "schema_version": 0,
          "attributes": {
            "etag": "W/\"14b1608513bf7cf9aa7bf655d9096b5d\"",
            "id": "2826122:JHjava",
            "role": "maintainer",
            "team_id": "2826122",
            "username": "JHjava"
          }
        },
        {
          "index_key": 1,
          "schema_version": 0,
          "attributes": {
            "etag": "W/\"0c9241facce63aa83d734cb3ab6925f6\"",
            "id": "2826126:JHjava",
            "role": "maintainer",
            "team_id": "2826126",
            "username": "JHjava"
          }
        }
      ]
    },
    {
      "module": "module.user_chris_wynne",
      "mode": "managed",
      "type": "github_team_membership",
      "name": "team_membership",
      "each": "list",
      "provider": "provider.github",
      "instances": [
        {
          "index_key": 0,
          "schema_version": 0,
          "attributes": {
            "etag": "W/\"a13c0d09dfc9c8e302883de2c4b57e7c\"",
            "id": "2826122:Wynndow",
            "role": "member",
            "team_id": "2826122",
            "username": "Wynndow"
          }
        },
        {
          "index_key": 1,
          "schema_version": 0,
          "attributes": {
            "etag": "W/\"73bb6d1af5095fefba8e61bad4b923d3\"",
            "id": "2826126:Wynndow",
            "role": "member",
            "team_id": "2826126",
            "username": "Wynndow"
          }
        }
      ]
    },
    {
      "module": "module.user_mhussein_gds",
      "mode": "managed",
      "type": "github_team_membership",
      "name": "team_membership",
      "each": "list",
      "provider": "provider.github",
      "instances": [
        {
          "index_key": 0,
          "schema_version": 0,
          "attributes": {
            "etag": "W/\"0c508c2ada51b98cb17864fa5a8488ce\"",
            "id": "2826122:mhussein-gds",
            "role": "member",
            "team_id": "2826122",
            "username": "mhussein-gds"
          }
        }
      ]
    },
    {
      "module": "module.user_dbes_gds",
      "mode": "managed",
      "type": "github_team_membership",
      "name": "team_membership",
      "each": "list",
      "provider": "provider.github",
      "instances": [
        {
          "index_key": 0,
          "schema_version": 0,
          "attributes": {
            "etag": "W/\"aee8b58c1ee3f2ea56325c8c048757db\"",
            "id": "2826122:dbes-gds",
            "role": "member",
            "team_id": "2826122",
            "username": "dbes-gds"
          }
        },
        {
          "index_key": 1,
          "schema_version": 0,
          "attributes": {
            "etag": "W/\"50bd8ed2dc832168e42e486156f5df04\"",
            "id": "2826126:dbes-gds",
            "role": "member",
            "team_id": "2826126",
            "username": "dbes-gds"
          }
        }
      ]
    },
    {
      "module": "module.user_szd55gds",
      "mode": "managed",
      "type": "github_team_membership",
      "name": "team_membership",
      "each": "list",
      "provider": "provider.github",
      "instances": [
        {
          "index_key": 0,
          "schema_version": 0,
          "attributes": {
            "etag": "W/\"8ae4f12d9905ea53191bf2f582c34e4b\"",
            "id": "2826127:szd55gds",
            "role": "member",
            "team_id": "2826127",
            "username": "szd55gds"
          }
        }
      ]
    },
    {
      "module": "module.user_idacodacybot",
      "mode": "managed",
      "type": "github_team_membership",
      "name": "team_membership",
      "each": "list",
      "provider": "provider.github",
      "instances": [
        {
          "index_key": 0,
          "schema_version": 0,
          "attributes": {
            "etag": "W/\"25a17d0eb07047c09bc679d71c175dbc\"",
            "id": "2826122:ida-codacy-bot",
            "role": "member",
            "team_id": "2826122",
            "username": "ida-codacy-bot"
          }
        },
        {
          "index_key": 1,
          "schema_version": 0,
          "attributes": {
            "etag": "W/\"160c83497f4c3eae57e3a41ef6555450\"",
            "id": "2826126:ida-codacy-bot",
            "role": "member",
            "team_id": "2826126",
            "username": "ida-codacy-bot"
          }
        }
      ]
    },
    {
      "module": "module.user_andy_paine",
      "mode": "managed",
      "type": "github_team_membership",
      "name": "team_membership",
      "each": "list",
      "provider": "provider.github",
      "instances": [
        {
          "index_key": 0,
          "schema_version": 0,
          "attributes": {
            "etag": "W/\"afd2588544998c36ea00430658c1b2ee\"",
            "id": "2826122:andy-paine",
            "role": "member",
            "team_id": "2826122",
            "username": "andy-paine"
          },
          "private": "bnVsbA=="
        },
        {
          "index_key": 1,
          "schema_version": 0,
          "attributes": {
            "etag": "W/\"629816b204970752fc91945720552aee\"",
            "id": "2826127:andy-paine",
            "role": "member",
            "team_id": "2826127",
            "username": "andy-paine"
          },
          "private": "bnVsbA=="
        }
      ]
    },
    {
      "module": "module.user_ida_build_bot",
      "mode": "managed",
      "type": "github_team_membership",
      "name": "team_membership",
      "each": "list",
      "provider": "provider.github",
      "instances": [
        {
          "index_key": 0,
          "schema_version": 0,
          "attributes": {
            "etag": "W/\"c729c6ffe1b8c6d36f9bd1f156fd6c2b\"",
            "id": "2826122:ida-build-bot",
            "role": "member",
            "team_id": "2826122",
            "username": "ida-build-bot"
          }
        },
        {
          "index_key": 1,
          "schema_version": 0,
          "attributes": {
            "etag": "W/\"08d3e78524af75c0c4c8b06cb65e67d0\"",
            "id": "2826126:ida-build-bot",
            "role": "member",
            "team_id": "2826126",
            "username": "ida-build-bot"
          }
        }
      ]
    },
    {
      "module": "module.user_bravegrape",
      "mode": "managed",
      "type": "github_team_membership",
      "name": "team_membership",
      "each": "list",
      "provider": "provider.github",
      "instances": [
        {
          "index_key": 0,
          "schema_version": 0,
          "attributes": {
            "etag": "W/\"14b5213ff6c98c1220625ef7e07b1318\"",
            "id": "2826122:bravegrape",
            "role": "member",
            "team_id": "2826122",
            "username": "bravegrape"
          }
        }
      ]
    },
    {
      "module": "module.user_tomrosier",
      "mode": "managed",
      "type": "github_team_membership",
      "name": "team_membership",
      "each": "list",
      "provider": "provider.github",
      "instances": [
        {
          "index_key": 0,
          "schema_version": 0,
          "attributes": {
            "etag": "W/\"b2f35d13dc95a2168f748b3b82f49bfb\"",
            "id": "2826122:tomrosier",
            "role": "member",
            "team_id": "2826122",
            "username": "tomrosier"
          }
        },
        {
          "index_key": 1,
          "schema_version": 0,
          "attributes": {
            "etag": "W/\"1fd4b23efb02fe98570e098124789bb6\"",
            "id": "2826126:tomrosier",
            "role": "member",
            "team_id": "2826126",
            "username": "tomrosier"
          }
        }
      ]
    },
    {
      "module": "module.user_mrwilson",
      "mode": "managed",
      "type": "github_team_membership",
      "name": "team_membership",
      "each": "list",
      "provider": "provider.github",
      "instances": [
        {
          "index_key": 0,
          "schema_version": 0,
          "attributes": {
            "etag": "W/\"7b6ee61c4efe9162b7d6f97dc1699977\"",
            "id": "2826122:mrwilson",
            "role": "member",
            "team_id": "2826122",
            "username": "mrwilson"
          }
        }
      ]
    },
    {
      "module": "module.user_mariaslo",
      "mode": "managed",
      "type": "github_team_membership",
      "name": "team_membership",
      "each": "list",
      "provider": "provider.github",
      "instances": [
        {
          "index_key": 0,
          "schema_version": 0,
          "attributes": {
            "etag": "W/\"3b1f0a96d49aac1e30f35d81b58c6c49\"",
            "id": "2826122:Mariaslo",
            "role": "member",
            "team_id": "2826122",
            "username": "Mariaslo"
          }
        }
      ]
    },
    {
      "module": "module.user_michaelabenyohai",
      "mode": "managed",
      "type": "github_team_membership",
      "name": "team_membership",
      "each": "list",
      "provider": "provider.github",
      "instances": [
        {
          "index_key": 0,
          "schema_version": 0,
          "attributes": {
            "etag": "W/\"c023e09eb32abf57ef0eeb047f891caa\"",
            "id": "2826122:michaelabenyohai",
            "role": "maintainer",
            "team_id": "2826122",
            "username": "michaelabenyohai"
          }
        },
        {
          "index_key": 1,
          "schema_version": 0,
          "attributes": {
            "etag": "W/\"460322eefd10d2e16779cee0cf3afdda\"",
            "id": "2826126:michaelabenyohai",
            "role": "maintainer",
            "team_id": "2826126",
            "username": "michaelabenyohai"
          }
        },
        {
          "index_key": 2,
          "schema_version": 0,
          "attributes": {
            "etag": "W/\"7b376a5ae4f604d8db055b67faec0e29\"",
            "id": "2826127:michaelabenyohai",
            "role": "maintainer",
            "team_id": "2826127",
            "username": "michaelabenyohai"
          }
        }
      ]
    },
    {
      "module": "module.user_kerrr",
      "mode": "managed",
      "type": "github_team_membership",
      "name": "tech_team_approver",
      "each": "list",
      "provider": "provider.github",
      "instances": [
        {
          "index_key": 0,
          "schema_version": 0,
          "attributes": {
            "etag": "W/\"29f8a288386c16969df8997834a9e95b\"",
            "id": "3101758:kerrr",
            "role": "member",
            "team_id": "3101758",
            "username": "kerrr"
          },
          "depends_on": [
            "data.github_team.approvers_team"
          ]
        }
      ]
    },
    {
      "module": "module.user_racinghippo",
      "mode": "managed",
      "type": "github_team_membership",
      "name": "tech_team_approver",
      "each": "list",
      "provider": "provider.github",
      "instances": []
    },
    {
      "module": "module.user_rosa_fox",
      "mode": "managed",
      "type": "github_team_membership",
      "name": "tech_team_approver",
      "each": "list",
      "provider": "provider.github",
      "instances": [
        {
          "index_key": 0,
          "schema_version": 0,
          "attributes": {
            "etag": "W/\"0f0c8bf7c1e3859f862a68cb4989fabc\"",
            "id": "3101758:Rosa-Fox",
            "role": "member",
            "team_id": "3101758",
            "username": "Rosa-Fox"
          },
          "depends_on": [
            "data.github_team.approvers_team"
          ]
        }
      ]
    },
    {
      "module": "module.user_idrop",
      "mode": "managed",
      "type": "github_team_membership",
      "name": "tech_team_approver",
      "each": "list",
      "provider": "provider.github",
      "instances": [
        {
          "index_key": 0,
          "schema_version": 0,
          "attributes": {
            "etag": "W/\"acbd8db891e9f998f48b43bfd2e2f15f\"",
            "id": "3101758:idrop",
            "role": "member",
            "team_id": "3101758",
            "username": "idrop"
          },
          "depends_on": [
            "data.github_team.approvers_team"
          ]
        }
      ]
    },
    {
      "module": "module.user_brenetic",
      "mode": "managed",
      "type": "github_team_membership",
      "name": "tech_team_approver",
      "each": "list",
      "provider": "provider.github",
      "instances": [
        {
          "index_key": 0,
          "schema_version": 0,
          "attributes": {
            "etag": "W/\"aa8e99288d8c8d246a1061b275a4fe64\"",
            "id": "3101758:brenetic",
            "role": "member",
            "team_id": "3101758",
            "username": "brenetic"
          },
          "private": "bnVsbA==",
          "depends_on": [
            "data.github_team.approvers_team"
          ]
        }
      ]
    },
    {
      "module": "module.user_tlwr",
      "mode": "managed",
      "type": "github_team_membership",
      "name": "tech_team_approver",
      "each": "list",
      "provider": "provider.github",
      "instances": [
        {
          "index_key": 0,
          "schema_version": 0,
          "attributes": {
            "etag": "W/\"aa5dd3afd012f3d2a5eb5f3339447f5b\"",
            "id": "3101758:tlwr",
            "role": "member",
            "team_id": "3101758",
            "username": "tlwr"
          },
          "private": "bnVsbA==",
          "depends_on": [
            "data.github_team.approvers_team"
          ]
        }
      ]
    },
    {
      "module": "module.user_chrisholmes",
      "mode": "managed",
      "type": "github_team_membership",
      "name": "tech_team_approver",
      "each": "list",
      "provider": "provider.github",
      "instances": [
        {
          "index_key": 0,
          "schema_version": 0,
          "attributes": {
            "etag": "W/\"3850b801087f025969d475a7dde49391\"",
            "id": "3101758:chrisholmes",
            "role": "member",
            "team_id": "3101758",
            "username": "chrisholmes"
          },
          "private": "bnVsbA==",
          "depends_on": [
            "data.github_team.approvers_team"
          ]
        }
      ]
    },
    {
      "module": "module.user_zilnhoj",
      "mode": "managed",
      "type": "github_team_membership",
      "name": "tech_team_approver",
      "each": "list",
      "provider": "provider.github",
      "instances": []
    },
    {
      "module": "module.user_danielblair",
      "mode": "managed",
      "type": "github_team_membership",
      "name": "tech_team_approver",
      "each": "list",
      "provider": "provider.github",
      "instances": [
        {
          "index_key": 0,
          "schema_version": 0,
          "attributes": {
            "etag": "W/\"e395776ad5527db21eb5b92bbb7f48be\"",
            "id": "3101758:blairboy362",
            "role": "member",
            "team_id": "3101758",
            "username": "blairboy362"
          },
          "depends_on": [
            "data.github_team.approvers_team"
          ]
        }
      ]
    },
    {
      "module": "module.user_nacnudus",
      "mode": "managed",
      "type": "github_team_membership",
      "name": "tech_team_approver",
      "each": "list",
      "provider": "provider.github",
      "instances": []
    },
    {
      "module": "module.user_alex_monk",
      "mode": "managed",
      "type": "github_team_membership",
      "name": "tech_team_approver",
      "each": "list",
      "provider": "provider.github",
      "instances": [
        {
          "index_key": 0,
          "schema_version": 0,
          "attributes": {
            "etag": "W/\"72ee5fd9a948fae54aaf7e0b24eafb2c\"",
            "id": "3101758:Krenair",
            "role": "member",
            "team_id": "3101758",
            "username": "Krenair"
          },
          "depends_on": [
            "data.github_team.approvers_team"
          ]
        }
      ]
    },
    {
      "module": "module.user_alexandergeegds",
      "mode": "managed",
      "type": "github_team_membership",
      "name": "tech_team_approver",
      "each": "list",
      "provider": "provider.github",
      "instances": [
        {
          "index_key": 0,
          "schema_version": 0,
          "attributes": {
            "etag": "W/\"de77c09f0ba6b9d475cbf350697e42fd\"",
            "id": "3101758:alexandergeegds",
            "role": "member",
            "team_id": "3101758",
            "username": "alexandergeegds"
          },
          "depends_on": [
            "data.github_team.approvers_team"
          ]
        }
      ]
    },
    {
      "module": "module.user_jakubmiarka",
      "mode": "managed",
      "type": "github_team_membership",
      "name": "tech_team_approver",
      "each": "list",
      "provider": "provider.github",
      "instances": [
        {
          "index_key": 0,
          "schema_version": 0,
          "attributes": {
            "etag": "W/\"a8c289c76e1f51d84470bbe0ec0213c9\"",
            "id": "3101758:jakubmiarka",
            "role": "member",
            "team_id": "3101758",
            "username": "jakubmiarka"
          },
          "private": "bnVsbA==",
          "depends_on": [
            "data.github_team.approvers_team"
          ]
        }
      ]
    },
    {
      "module": "module.user_johnwattsgds",
      "mode": "managed",
      "type": "github_team_membership",
      "name": "tech_team_approver",
      "each": "list",
      "provider": "provider.github",
      "instances": [
        {
          "index_key": 0,
          "schema_version": 0,
          "attributes": {
            "etag": "W/\"b7540025fc817cd2548fd6acd5468806\"",
            "id": "3101758:JohnWattsGDS",
            "role": "member",
            "team_id": "3101758",
            "username": "JohnWattsGDS"
          },
          "depends_on": [
            "data.github_team.approvers_team"
          ]
        }
      ]
    },
    {
      "module": "module.user_j_maynard",
      "mode": "managed",
      "type": "github_team_membership",
      "name": "tech_team_approver",
      "each": "list",
      "provider": "provider.github",
      "instances": []
    },
    {
      "module": "module.user_sistephens",
      "mode": "managed",
      "type": "github_team_membership",
      "name": "tech_team_approver",
      "each": "list",
      "provider": "provider.github",
      "instances": []
    },
    {
      "module": "module.user_galund",
      "mode": "managed",
      "type": "github_team_membership",
      "name": "tech_team_approver",
      "each": "list",
      "provider": "provider.github",
      "instances": [
        {
          "index_key": 0,
          "schema_version": 0,
          "attributes": {
            "etag": "W/\"50a3e113e91ff92a6e02335e0a55f474\"",
            "id": "3101758:galund",
            "role": "member",
            "team_id": "3101758",
            "username": "galund"
          },
          "depends_on": [
            "data.github_team.approvers_team"
          ]
        }
      ]
    },
    {
      "module": "module.user_jstandring_gds",
      "mode": "managed",
      "type": "github_team_membership",
      "name": "tech_team_approver",
      "each": "list",
      "provider": "provider.github",
      "instances": [
        {
          "index_key": 0,
          "schema_version": 0,
          "attributes": {
            "etag": "W/\"f5c60ae1bac74217b83fd6894b1d74c7\"",
            "id": "3101758:jstandring-gds",
            "role": "member",
            "team_id": "3101758",
            "username": "jstandring-gds"
          },
          "depends_on": [
            "data.github_team.approvers_team"
          ]
        }
      ]
    },
    {
      "module": "module.user_annecarr",
      "mode": "managed",
      "type": "github_team_membership",
      "name": "tech_team_approver",
      "each": "list",
      "provider": "provider.github",
      "instances": []
    },
    {
      "module": "module.user_todai88",
      "mode": "managed",
      "type": "github_team_membership",
      "name": "tech_team_approver",
      "each": "list",
      "provider": "provider.github",
      "instances": []
    },
    {
      "module": "module.user_benjamin_mortimer",
      "mode": "managed",
      "type": "github_team_membership",
      "name": "tech_team_approver",
      "each": "list",
      "provider": "provider.github",
      "instances": []
    },
    {
      "module": "module.user_amritsidhu",
      "mode": "managed",
      "type": "github_team_membership",
      "name": "tech_team_approver",
      "each": "list",
      "provider": "provider.github",
      "instances": [
        {
          "index_key": 0,
          "schema_version": 0,
          "attributes": {
            "etag": "W/\"ed47f76c72c55181b5575ebae6185423\"",
            "id": "3101758:AmritSidhu",
            "role": "member",
            "team_id": "3101758",
            "username": "AmritSidhu"
          },
          "depends_on": [
            "data.github_team.approvers_team"
          ]
        }
      ]
    },
    {
      "module": "module.user_jkunle",
      "mode": "managed",
      "type": "github_team_membership",
      "name": "tech_team_approver",
      "each": "list",
      "provider": "provider.github",
      "instances": []
    },
    {
      "module": "module.user_gdsnewt",
      "mode": "managed",
      "type": "github_team_membership",
      "name": "tech_team_approver",
      "each": "list",
      "provider": "provider.github",
      "instances": []
    },
    {
      "module": "module.user_mmhmm",
      "mode": "managed",
      "type": "github_team_membership",
      "name": "tech_team_approver",
      "each": "list",
      "provider": "provider.github",
      "instances": [
        {
          "index_key": 0,
          "schema_version": 0,
          "attributes": {
            "etag": "W/\"8b4e48f023169daf279fb14c2526a5d5\"",
            "id": "3101758:mmhmm",
            "role": "member",
            "team_id": "3101758",
            "username": "mmhmm"
          },
          "depends_on": [
            "data.github_team.approvers_team"
          ]
        }
      ]
    },
    {
      "module": "module.user_smford",
      "mode": "managed",
      "type": "github_team_membership",
      "name": "tech_team_approver",
      "each": "list",
      "provider": "provider.github",
      "instances": [
        {
          "index_key": 0,
          "schema_version": 0,
          "attributes": {
            "etag": "W/\"41a4cc9744d443070dfb3c53c40f4e7d\"",
            "id": "3101758:smford",
            "role": "member",
            "team_id": "3101758",
            "username": "smford"
          },
          "private": "bnVsbA==",
          "depends_on": [
            "data.github_team.approvers_team"
          ]
        }
      ]
    },
    {
      "module": "module.user_chrisclayson",
      "mode": "managed",
      "type": "github_team_membership",
      "name": "tech_team_approver",
      "each": "list",
      "provider": "provider.github",
      "instances": [
        {
          "index_key": 0,
          "schema_version": 0,
          "attributes": {
            "etag": "W/\"5673cbaf41dc8d1922494872e9b33f15\"",
            "id": "3101758:chrisclayson",
            "role": "member",
            "team_id": "3101758",
            "username": "chrisclayson"
          },
          "depends_on": [
            "data.github_team.approvers_team"
          ]
        }
      ]
    },
    {
      "module": "module.user_instantiator",
      "mode": "managed",
      "type": "github_team_membership",
      "name": "tech_team_approver",
      "each": "list",
      "provider": "provider.github",
      "instances": []
    },
    {
      "module": "module.user_sakisv",
      "mode": "managed",
      "type": "github_team_membership",
      "name": "tech_team_approver",
      "each": "list",
      "provider": "provider.github",
      "instances": [
        {
          "index_key": 0,
          "schema_version": 0,
          "attributes": {
            "etag": "W/\"7602bf4519440505fe5f7339b4755d56\"",
            "id": "3101758:sakisv",
            "role": "member",
            "team_id": "3101758",
            "username": "sakisv"
          },
          "depends_on": [
            "data.github_team.approvers_team"
          ]
        }
      ]
    },
    {
      "module": "module.user_philandstuff",
      "mode": "managed",
      "type": "github_team_membership",
      "name": "tech_team_approver",
      "each": "list",
      "provider": "provider.github",
      "instances": [
        {
          "index_key": 0,
          "schema_version": 0,
          "attributes": {
            "etag": "W/\"28da5a5ff3accf638885bb9b219a1146\"",
            "id": "3101758:philandstuff",
            "role": "member",
            "team_id": "3101758",
            "username": "philandstuff"
          },
          "private": "bnVsbA==",
          "depends_on": [
            "data.github_team.approvers_team"
          ]
        }
      ]
    },
    {
      "module": "module.user_issyl0",
      "mode": "managed",
      "type": "github_team_membership",
      "name": "tech_team_approver",
      "each": "list",
      "provider": "provider.github",
      "instances": [
        {
          "index_key": 0,
          "schema_version": 0,
          "attributes": {
            "etag": "W/\"7749af5fb305d2e06bfb83912e97e026\"",
            "id": "3101758:issyl0",
            "role": "member",
            "team_id": "3101758",
            "username": "issyl0"
          },
          "private": "bnVsbA==",
          "depends_on": [
            "data.github_team.approvers_team"
          ]
        }
      ]
    },
    {
      "module": "module.user_alan_gds",
      "mode": "managed",
      "type": "github_team_membership",
      "name": "tech_team_approver",
      "each": "list",
      "provider": "provider.github",
      "instances": [
        {
          "index_key": 0,
          "schema_version": 0,
          "attributes": {
            "etag": "W/\"2d79dd149778e9d6a1a31899b974f35e\"",
            "id": "3101758:alan-gds",
            "role": "member",
            "team_id": "3101758",
            "username": "alan-gds"
          },
          "depends_on": [
            "data.github_team.approvers_team"
          ]
        }
      ]
    },
    {
      "module": "module.user_rhowe_gds",
      "mode": "managed",
      "type": "github_team_membership",
      "name": "tech_team_approver",
      "each": "list",
      "provider": "provider.github",
      "instances": [
        {
          "index_key": 0,
          "schema_version": 0,
          "attributes": {
            "etag": "W/\"a8a4b3bbcd8884fe2851dfd07374ae81\"",
            "id": "3101758:rhowe-gds",
            "role": "member",
            "team_id": "3101758",
            "username": "rhowe-gds"
          },
          "private": "bnVsbA==",
          "depends_on": [
            "data.github_team.approvers_team"
          ]
        }
      ]
    },
    {
      "module": "module.user_charlesic",
      "mode": "managed",
      "type": "github_team_membership",
      "name": "tech_team_approver",
      "each": "list",
      "provider": "provider.github",
      "instances": [
        {
          "index_key": 0,
          "schema_version": 0,
          "attributes": {
            "etag": "W/\"91dba9ffb34af4c57638f9e8f3244d37\"",
            "id": "3101758:CharlesIC",
            "role": "member",
            "team_id": "3101758",
            "username": "CharlesIC"
          },
          "private": "bnVsbA==",
          "depends_on": [
            "data.github_team.approvers_team"
          ]
        }
      ]
    },
    {
      "module": "module.user_coleni",
      "mode": "managed",
      "type": "github_team_membership",
      "name": "tech_team_approver",
      "each": "list",
      "provider": "provider.github",
      "instances": []
    },
    {
      "module": "module.user_bjgill",
      "mode": "managed",
      "type": "github_team_membership",
      "name": "tech_team_approver",
      "each": "list",
      "provider": "provider.github",
      "instances": [
        {
          "index_key": 0,
          "schema_version": 0,
          "attributes": {
            "etag": "W/\"35fdf97a300d7776e830d5ecc6305648\"",
            "id": "3101758:bjgill",
            "role": "member",
            "team_id": "3101758",
            "username": "bjgill"
          },
          "depends_on": [
            "data.github_team.approvers_team"
          ]
        }
      ]
    },
    {
      "module": "module.user_blairboy362",
      "mode": "managed",
      "type": "github_team_membership",
      "name": "tech_team_approver",
      "each": "list",
      "provider": "provider.github",
      "instances": [
        {
          "index_key": 0,
          "schema_version": 0,
          "attributes": {
            "etag": "W/\"e395776ad5527db21eb5b92bbb7f48be\"",
            "id": "3101758:blairboy362",
            "role": "member",
            "team_id": "3101758",
            "username": "blairboy362"
          },
          "depends_on": [
            "data.github_team.approvers_team"
          ]
        }
      ]
    },
    {
      "module": "module.user_thomasalanlee",
      "mode": "managed",
      "type": "github_team_membership",
      "name": "tech_team_approver",
      "each": "list",
      "provider": "provider.github",
      "instances": [
        {
          "index_key": 0,
          "schema_version": 0,
          "attributes": {
            "etag": "W/\"79df49df11b01b49b8ac5dc5b1bb99ca\"",
            "id": "3101758:thomasalanlee",
            "role": "member",
            "team_id": "3101758",
            "username": "thomasalanlee"
          },
          "private": "bnVsbA==",
          "depends_on": [
            "data.github_team.approvers_team"
          ]
        }
      ]
    },
    {
      "module": "module.user_sarahdean",
      "mode": "managed",
      "type": "github_team_membership",
      "name": "tech_team_approver",
      "each": "list",
      "provider": "provider.github",
      "instances": []
    },
    {
      "module": "module.user_robinmitra",
      "mode": "managed",
      "type": "github_team_membership",
      "name": "tech_team_approver",
      "each": "list",
      "provider": "provider.github",
      "instances": [
        {
          "index_key": 0,
          "schema_version": 0,
          "attributes": {
            "etag": "W/\"a789fd7e7c061ee1f59c18e35c8259fe\"",
            "id": "3101758:robinmitra",
            "role": "member",
            "team_id": "3101758",
            "username": "robinmitra"
          },
          "depends_on": [
            "data.github_team.approvers_team"
          ]
        }
      ]
    },
    {
      "module": "module.user_adityapahuja",
      "mode": "managed",
      "type": "github_team_membership",
      "name": "tech_team_approver",
      "each": "list",
      "provider": "provider.github",
      "instances": [
        {
          "index_key": 0,
          "schema_version": 0,
          "attributes": {
            "etag": "W/\"618a8059ac37bb34d00f7aa30acead57\"",
            "id": "3101758:adityapahuja",
            "role": "member",
            "team_id": "3101758",
            "username": "adityapahuja"
          },
          "depends_on": [
            "data.github_team.approvers_team"
          ]
        }
      ]
    },
    {
      "module": "module.user_ronocg",
      "mode": "managed",
      "type": "github_team_membership",
      "name": "tech_team_approver",
      "each": "list",
      "provider": "provider.github",
      "instances": [
        {
          "index_key": 0,
          "schema_version": 0,
          "attributes": {
            "etag": "W/\"4b38a125b1dc758aed850b172d30cba2\"",
            "id": "3101758:ronocg",
            "role": "member",
            "team_id": "3101758",
            "username": "ronocg"
          },
          "depends_on": [
            "data.github_team.approvers_team"
          ]
        }
      ]
    },
    {
      "module": "module.user_jhjava",
      "mode": "managed",
      "type": "github_team_membership",
      "name": "tech_team_approver",
      "each": "list",
      "provider": "provider.github",
      "instances": [
        {
          "index_key": 0,
          "schema_version": 0,
          "attributes": {
            "etag": "W/\"1d1c5acd71cd263fc9f249d4b18cb4f1\"",
            "id": "3101758:JHjava",
            "role": "member",
            "team_id": "3101758",
            "username": "JHjava"
          },
          "private": "bnVsbA==",
          "depends_on": [
            "data.github_team.approvers_team"
          ]
        }
      ]
    },
    {
      "module": "module.user_chris_wynne",
      "mode": "managed",
      "type": "github_team_membership",
      "name": "tech_team_approver",
      "each": "list",
      "provider": "provider.github",
      "instances": [
        {
          "index_key": 0,
          "schema_version": 0,
          "attributes": {
            "etag": "W/\"8f5bca9e8b50ba778da1e8537338965a\"",
            "id": "3101758:Wynndow",
            "role": "member",
            "team_id": "3101758",
            "username": "Wynndow"
          },
          "depends_on": [
            "data.github_team.approvers_team"
          ]
        }
      ]
    },
    {
      "module": "module.user_mhussein_gds",
      "mode": "managed",
      "type": "github_team_membership",
      "name": "tech_team_approver",
      "each": "list",
      "provider": "provider.github",
      "instances": [
        {
          "index_key": 0,
          "schema_version": 0,
          "attributes": {
            "etag": "W/\"f84a1098b5323b76d25e4602b03f7027\"",
            "id": "3101758:mhussein-gds",
            "role": "member",
            "team_id": "3101758",
            "username": "mhussein-gds"
          },
          "depends_on": [
            "data.github_team.approvers_team"
          ]
        }
      ]
    },
    {
      "module": "module.user_dbes_gds",
      "mode": "managed",
      "type": "github_team_membership",
      "name": "tech_team_approver",
      "each": "list",
      "provider": "provider.github",
      "instances": [
        {
          "index_key": 0,
          "schema_version": 0,
          "attributes": {
            "etag": "W/\"922d0d9e31cd14cda1c849b453741e07\"",
            "id": "3101758:dbes-gds",
            "role": "member",
            "team_id": "3101758",
            "username": "dbes-gds"
          },
          "depends_on": [
            "data.github_team.approvers_team"
          ]
        }
      ]
    },
    {
      "module": "module.user_szd55gds",
      "mode": "managed",
      "type": "github_team_membership",
      "name": "tech_team_approver",
      "each": "list",
      "provider": "provider.github",
      "instances": [
        {
          "index_key": 0,
          "schema_version": 0,
          "attributes": {
            "etag": "W/\"c861dafb7b871d2dc71fc24f94818803\"",
            "id": "3101758:szd55gds",
            "role": "member",
            "team_id": "3101758",
            "username": "szd55gds"
          },
          "depends_on": [
            "data.github_team.approvers_team"
          ]
        }
      ]
    },
    {
      "module": "module.user_idacodacybot",
      "mode": "managed",
      "type": "github_team_membership",
      "name": "tech_team_approver",
      "each": "list",
      "provider": "provider.github",
      "instances": []
    },
    {
      "module": "module.user_andy_paine",
      "mode": "managed",
      "type": "github_team_membership",
      "name": "tech_team_approver",
      "each": "list",
      "provider": "provider.github",
      "instances": [
        {
          "index_key": 0,
          "schema_version": 0,
          "attributes": {
            "etag": "W/\"f43927f0eae5ad812bd12a57e37b1762\"",
            "id": "3101758:andy-paine",
            "role": "member",
            "team_id": "3101758",
            "username": "andy-paine"
          },
          "private": "bnVsbA==",
          "depends_on": [
            "data.github_team.approvers_team"
          ]
        }
      ]
    },
    {
      "module": "module.user_ida_build_bot",
      "mode": "managed",
      "type": "github_team_membership",
      "name": "tech_team_approver",
      "each": "list",
      "provider": "provider.github",
      "instances": []
    },
    {
      "module": "module.user_bravegrape",
      "mode": "managed",
      "type": "github_team_membership",
      "name": "tech_team_approver",
      "each": "list",
      "provider": "provider.github",
      "instances": [
        {
          "index_key": 0,
          "schema_version": 0,
          "attributes": {
            "etag": "W/\"eb80e39ad3a67b0c2e938387564dc6e2\"",
            "id": "3101758:bravegrape",
            "role": "member",
            "team_id": "3101758",
            "username": "bravegrape"
          },
          "depends_on": [
            "data.github_team.approvers_team"
          ]
        }
      ]
    },
    {
      "module": "module.user_tomrosier",
      "mode": "managed",
      "type": "github_team_membership",
      "name": "tech_team_approver",
      "each": "list",
      "provider": "provider.github",
      "instances": [
        {
          "index_key": 0,
          "schema_version": 0,
          "attributes": {
            "etag": "W/\"2a4b95515a761e163ff8f023ef1228d9\"",
            "id": "3101758:tomrosier",
            "role": "member",
            "team_id": "3101758",
            "username": "tomrosier"
          },
          "depends_on": [
            "data.github_team.approvers_team"
          ]
        }
      ]
    },
    {
      "module": "module.user_mrwilson",
      "mode": "managed",
      "type": "github_team_membership",
      "name": "tech_team_approver",
      "each": "list",
      "provider": "provider.github",
      "instances": [
        {
          "index_key": 0,
          "schema_version": 0,
          "attributes": {
            "etag": "W/\"00abeeab157c05474ed5701b7bea3806\"",
            "id": "3101758:mrwilson",
            "role": "member",
            "team_id": "3101758",
            "username": "mrwilson"
          },
          "depends_on": [
            "data.github_team.approvers_team"
          ]
        }
      ]
    },
    {
      "module": "module.user_mariaslo",
      "mode": "managed",
      "type": "github_team_membership",
      "name": "tech_team_approver",
      "each": "list",
      "provider": "provider.github",
      "instances": []
    },
    {
      "module": "module.user_michaelabenyohai",
      "mode": "managed",
      "type": "github_team_membership",
      "name": "tech_team_approver",
      "each": "list",
      "provider": "provider.github",
      "instances": [
        {
          "index_key": 0,
          "schema_version": 0,
          "attributes": {
            "etag": "W/\"2d92a0e45f070436a94025b26231f47d\"",
            "id": "3101758:michaelabenyohai",
            "role": "member",
            "team_id": "3101758",
            "username": "michaelabenyohai"
          },
          "private": "bnVsbA==",
          "depends_on": [
            "data.github_team.approvers_team"
          ]
        }
      ]
    },
    {
      "module": "module.user_kerrr",
      "mode": "managed",
      "type": "github_team_membership",
      "name": "tech_team_maintainer",
      "each": "list",
      "provider": "provider.github",
      "instances": []
    },
    {
      "module": "module.user_racinghippo",
      "mode": "managed",
      "type": "github_team_membership",
      "name": "tech_team_maintainer",
      "each": "list",
      "provider": "provider.github",
      "instances": []
    },
    {
      "module": "module.user_rosa_fox",
      "mode": "managed",
      "type": "github_team_membership",
      "name": "tech_team_maintainer",
      "each": "list",
      "provider": "provider.github",
      "instances": []
    },
    {
      "module": "module.user_idrop",
      "mode": "managed",
      "type": "github_team_membership",
      "name": "tech_team_maintainer",
      "each": "list",
      "provider": "provider.github",
      "instances": []
    },
    {
      "module": "module.user_brenetic",
      "mode": "managed",
      "type": "github_team_membership",
      "name": "tech_team_maintainer",
      "each": "list",
      "provider": "provider.github",
      "instances": [
        {
          "index_key": 0,
          "schema_version": 0,
          "attributes": {
            "etag": "W/\"b46319c708b8b75db65820459c1c1a6e\"",
            "id": "2830432:brenetic",
            "role": "maintainer",
            "team_id": "2830432",
            "username": "brenetic"
          },
          "depends_on": [
            "data.github_team.tech_team"
          ]
        }
      ]
    },
    {
      "module": "module.user_tlwr",
      "mode": "managed",
      "type": "github_team_membership",
      "name": "tech_team_maintainer",
      "each": "list",
      "provider": "provider.github",
      "instances": []
    },
    {
      "module": "module.user_chrisholmes",
      "mode": "managed",
      "type": "github_team_membership",
      "name": "tech_team_maintainer",
      "each": "list",
      "provider": "provider.github",
      "instances": [
        {
          "index_key": 0,
          "schema_version": 0,
          "attributes": {
            "etag": "W/\"547c41b2c7fb18378c7ac790d6dcc1b5\"",
            "id": "2830432:chrisholmes",
            "role": "maintainer",
            "team_id": "2830432",
            "username": "chrisholmes"
          },
          "depends_on": [
            "data.github_team.tech_team"
          ]
        }
      ]
    },
    {
      "module": "module.user_zilnhoj",
      "mode": "managed",
      "type": "github_team_membership",
      "name": "tech_team_maintainer",
      "each": "list",
      "provider": "provider.github",
      "instances": []
    },
    {
      "module": "module.user_danielblair",
      "mode": "managed",
      "type": "github_team_membership",
      "name": "tech_team_maintainer",
      "each": "list",
      "provider": "provider.github",
      "instances": []
    },
    {
      "module": "module.user_nacnudus",
      "mode": "managed",
      "type": "github_team_membership",
      "name": "tech_team_maintainer",
      "each": "list",
      "provider": "provider.github",
      "instances": []
    },
    {
      "module": "module.user_alex_monk",
      "mode": "managed",
      "type": "github_team_membership",
      "name": "tech_team_maintainer",
      "each": "list",
      "provider": "provider.github",
      "instances": []
    },
    {
      "module": "module.user_alexandergeegds",
      "mode": "managed",
      "type": "github_team_membership",
      "name": "tech_team_maintainer",
      "each": "list",
      "provider": "provider.github",
      "instances": []
    },
    {
      "module": "module.user_jakubmiarka",
      "mode": "managed",
      "type": "github_team_membership",
      "name": "tech_team_maintainer",
      "each": "list",
      "provider": "provider.github",
      "instances": [
        {
          "index_key": 0,
          "schema_version": 0,
          "attributes": {
            "etag": "W/\"3299219f690d1ac2f0851a33f7166312\"",
            "id": "2830432:jakubmiarka",
            "role": "maintainer",
            "team_id": "2830432",
            "username": "jakubmiarka"
          },
          "depends_on": [
            "data.github_team.tech_team"
          ]
        }
      ]
    },
    {
      "module": "module.user_johnwattsgds",
      "mode": "managed",
      "type": "github_team_membership",
      "name": "tech_team_maintainer",
      "each": "list",
      "provider": "provider.github",
      "instances": []
    },
    {
      "module": "module.user_j_maynard",
      "mode": "managed",
      "type": "github_team_membership",
      "name": "tech_team_maintainer",
      "each": "list",
      "provider": "provider.github",
      "instances": []
    },
    {
      "module": "module.user_sistephens",
      "mode": "managed",
      "type": "github_team_membership",
      "name": "tech_team_maintainer",
      "each": "list",
      "provider": "provider.github",
      "instances": []
    },
    {
      "module": "module.user_galund",
      "mode": "managed",
      "type": "github_team_membership",
      "name": "tech_team_maintainer",
      "each": "list",
      "provider": "provider.github",
      "instances": []
    },
    {
      "module": "module.user_jstandring_gds",
      "mode": "managed",
      "type": "github_team_membership",
      "name": "tech_team_maintainer",
      "each": "list",
      "provider": "provider.github",
      "instances": []
    },
    {
      "module": "module.user_annecarr",
      "mode": "managed",
      "type": "github_team_membership",
      "name": "tech_team_maintainer",
      "each": "list",
      "provider": "provider.github",
      "instances": []
    },
    {
      "module": "module.user_todai88",
      "mode": "managed",
      "type": "github_team_membership",
      "name": "tech_team_maintainer",
      "each": "list",
      "provider": "provider.github",
      "instances": []
    },
    {
      "module": "module.user_benjamin_mortimer",
      "mode": "managed",
      "type": "github_team_membership",
      "name": "tech_team_maintainer",
      "each": "list",
      "provider": "provider.github",
      "instances": []
    },
    {
      "module": "module.user_amritsidhu",
      "mode": "managed",
      "type": "github_team_membership",
      "name": "tech_team_maintainer",
      "each": "list",
      "provider": "provider.github",
      "instances": []
    },
    {
      "module": "module.user_jkunle",
      "mode": "managed",
      "type": "github_team_membership",
      "name": "tech_team_maintainer",
      "each": "list",
      "provider": "provider.github",
      "instances": []
    },
    {
      "module": "module.user_gdsnewt",
      "mode": "managed",
      "type": "github_team_membership",
      "name": "tech_team_maintainer",
      "each": "list",
      "provider": "provider.github",
      "instances": []
    },
    {
      "module": "module.user_mmhmm",
      "mode": "managed",
      "type": "github_team_membership",
      "name": "tech_team_maintainer",
      "each": "list",
      "provider": "provider.github",
      "instances": []
    },
    {
      "module": "module.user_smford",
      "mode": "managed",
      "type": "github_team_membership",
      "name": "tech_team_maintainer",
      "each": "list",
      "provider": "provider.github",
      "instances": []
    },
    {
      "module": "module.user_chrisclayson",
      "mode": "managed",
      "type": "github_team_membership",
      "name": "tech_team_maintainer",
      "each": "list",
      "provider": "provider.github",
      "instances": []
    },
    {
      "module": "module.user_instantiator",
      "mode": "managed",
      "type": "github_team_membership",
      "name": "tech_team_maintainer",
      "each": "list",
      "provider": "provider.github",
      "instances": []
    },
    {
      "module": "module.user_sakisv",
      "mode": "managed",
      "type": "github_team_membership",
      "name": "tech_team_maintainer",
      "each": "list",
      "provider": "provider.github",
      "instances": []
    },
    {
      "module": "module.user_philandstuff",
      "mode": "managed",
      "type": "github_team_membership",
      "name": "tech_team_maintainer",
      "each": "list",
      "provider": "provider.github",
      "instances": []
    },
    {
      "module": "module.user_issyl0",
      "mode": "managed",
      "type": "github_team_membership",
      "name": "tech_team_maintainer",
      "each": "list",
      "provider": "provider.github",
      "instances": []
    },
    {
      "module": "module.user_alan_gds",
      "mode": "managed",
      "type": "github_team_membership",
      "name": "tech_team_maintainer",
      "each": "list",
      "provider": "provider.github",
      "instances": []
    },
    {
      "module": "module.user_rhowe_gds",
      "mode": "managed",
      "type": "github_team_membership",
      "name": "tech_team_maintainer",
      "each": "list",
      "provider": "provider.github",
      "instances": []
    },
    {
      "module": "module.user_charlesic",
      "mode": "managed",
      "type": "github_team_membership",
      "name": "tech_team_maintainer",
      "each": "list",
      "provider": "provider.github",
      "instances": [
        {
          "index_key": 0,
          "schema_version": 0,
          "attributes": {
            "etag": "W/\"80dfbfadb274dd2e164793d5f1ceb42e\"",
            "id": "2830432:CharlesIC",
            "role": "maintainer",
            "team_id": "2830432",
            "username": "CharlesIC"
          },
          "depends_on": [
            "data.github_team.tech_team"
          ]
        }
      ]
    },
    {
      "module": "module.user_coleni",
      "mode": "managed",
      "type": "github_team_membership",
      "name": "tech_team_maintainer",
      "each": "list",
      "provider": "provider.github",
      "instances": []
    },
    {
      "module": "module.user_bjgill",
      "mode": "managed",
      "type": "github_team_membership",
      "name": "tech_team_maintainer",
      "each": "list",
      "provider": "provider.github",
      "instances": []
    },
    {
      "module": "module.user_blairboy362",
      "mode": "managed",
      "type": "github_team_membership",
      "name": "tech_team_maintainer",
      "each": "list",
      "provider": "provider.github",
      "instances": []
    },
    {
      "module": "module.user_thomasalanlee",
      "mode": "managed",
      "type": "github_team_membership",
      "name": "tech_team_maintainer",
      "each": "list",
      "provider": "provider.github",
      "instances": [
        {
          "index_key": 0,
          "schema_version": 0,
          "attributes": {
            "etag": "W/\"5196274e4c310da7b5d77588f564b50f\"",
            "id": "2830432:thomasalanlee",
            "role": "maintainer",
            "team_id": "2830432",
            "username": "thomasalanlee"
          },
          "depends_on": [
            "data.github_team.tech_team"
          ]
        }
      ]
    },
    {
      "module": "module.user_sarahdean",
      "mode": "managed",
      "type": "github_team_membership",
      "name": "tech_team_maintainer",
      "each": "list",
      "provider": "provider.github",
      "instances": []
    },
    {
      "module": "module.user_robinmitra",
      "mode": "managed",
      "type": "github_team_membership",
      "name": "tech_team_maintainer",
      "each": "list",
      "provider": "provider.github",
      "instances": []
    },
    {
      "module": "module.user_adityapahuja",
      "mode": "managed",
      "type": "github_team_membership",
      "name": "tech_team_maintainer",
      "each": "list",
      "provider": "provider.github",
      "instances": []
    },
    {
      "module": "module.user_ronocg",
      "mode": "managed",
      "type": "github_team_membership",
      "name": "tech_team_maintainer",
      "each": "list",
      "provider": "provider.github",
      "instances": []
    },
    {
      "module": "module.user_jhjava",
      "mode": "managed",
      "type": "github_team_membership",
      "name": "tech_team_maintainer",
      "each": "list",
      "provider": "provider.github",
      "instances": [
        {
          "index_key": 0,
          "schema_version": 0,
          "attributes": {
            "etag": "W/\"a3e21263a365b75bc049bcf0d843a059\"",
            "id": "2830432:JHjava",
            "role": "maintainer",
            "team_id": "2830432",
            "username": "JHjava"
          },
          "depends_on": [
            "data.github_team.tech_team"
          ]
        }
      ]
    },
    {
      "module": "module.user_chris_wynne",
      "mode": "managed",
      "type": "github_team_membership",
      "name": "tech_team_maintainer",
      "each": "list",
      "provider": "provider.github",
      "instances": []
    },
    {
      "module": "module.user_mhussein_gds",
      "mode": "managed",
      "type": "github_team_membership",
      "name": "tech_team_maintainer",
      "each": "list",
      "provider": "provider.github",
      "instances": []
    },
    {
      "module": "module.user_dbes_gds",
      "mode": "managed",
      "type": "github_team_membership",
      "name": "tech_team_maintainer",
      "each": "list",
      "provider": "provider.github",
      "instances": []
    },
    {
      "module": "module.user_szd55gds",
      "mode": "managed",
      "type": "github_team_membership",
      "name": "tech_team_maintainer",
      "each": "list",
      "provider": "provider.github",
      "instances": []
    },
    {
      "module": "module.user_idacodacybot",
      "mode": "managed",
      "type": "github_team_membership",
      "name": "tech_team_maintainer",
      "each": "list",
      "provider": "provider.github",
      "instances": []
    },
    {
      "module": "module.user_andy_paine",
      "mode": "managed",
      "type": "github_team_membership",
      "name": "tech_team_maintainer",
      "each": "list",
      "provider": "provider.github",
      "instances": []
    },
    {
      "module": "module.user_ida_build_bot",
      "mode": "managed",
      "type": "github_team_membership",
      "name": "tech_team_maintainer",
      "each": "list",
      "provider": "provider.github",
      "instances": []
    },
    {
      "module": "module.user_bravegrape",
      "mode": "managed",
      "type": "github_team_membership",
      "name": "tech_team_maintainer",
      "each": "list",
      "provider": "provider.github",
      "instances": []
    },
    {
      "module": "module.user_tomrosier",
      "mode": "managed",
      "type": "github_team_membership",
      "name": "tech_team_maintainer",
      "each": "list",
      "provider": "provider.github",
      "instances": []
    },
    {
      "module": "module.user_mrwilson",
      "mode": "managed",
      "type": "github_team_membership",
      "name": "tech_team_maintainer",
      "each": "list",
      "provider": "provider.github",
      "instances": []
    },
    {
      "module": "module.user_mariaslo",
      "mode": "managed",
      "type": "github_team_membership",
      "name": "tech_team_maintainer",
      "each": "list",
      "provider": "provider.github",
      "instances": []
    },
    {
      "module": "module.user_michaelabenyohai",
      "mode": "managed",
      "type": "github_team_membership",
      "name": "tech_team_maintainer",
      "each": "list",
      "provider": "provider.github",
      "instances": [
        {
          "index_key": 0,
          "schema_version": 0,
          "attributes": {
            "etag": "W/\"4e7d163a4396a3d9fdcafae466506631\"",
            "id": "2830432:michaelabenyohai",
            "role": "maintainer",
            "team_id": "2830432",
            "username": "michaelabenyohai"
          },
          "depends_on": [
            "data.github_team.tech_team"
          ]
        }
      ]
    }
  ]
}
