{
    "version": 3,
    "terraform_version": "0.11.13",
    "serial": 174,
    "lineage": "7069a474-17af-c033-8243-ba2e55487134",
    "modules": [
        {
            "path": [
                "root"
            ],
            "outputs": {},
            "resources": {
                "data.github_team.core": {
                    "type": "github_team",
                    "depends_on": [],
                    "primary": {
                        "id": "2826122",
                        "attributes": {
                            "description": "Verify tech team: verify-tech-team-core",
                            "id": "2826122",
                            "members.#": "30",
                            "members.0": "idrop",
                            "members.1": "46bit",
                            "members.10": "kerrr",
                            "members.11": "zilnhoj",
                            "members.12": "Todai88",
                            "members.13": "robinmitra",
                            "members.14": "brenetic",
                            "members.15": "nacnudus",
                            "members.16": "CharlesIC",
                            "members.17": "jkunle",
                            "members.18": "sakisv",
                            "members.19": "ronocg",
                            "members.2": "galund",
                            "members.20": "Rosa-Fox",
                            "members.21": "AnneCarr",
                            "members.22": "ida-build-bot",
                            "members.23": "chrisclayson",
                            "members.24": "blairboy362",
                            "members.25": "Wynndow",
                            "members.26": "andy-paine",
                            "members.27": "tomrosier",
                            "members.28": "bjgill",
                            "members.29": "RacingHippo",
                            "members.3": "issyl0",
                            "members.4": "mrwilson",
                            "members.5": "philandstuff",
                            "members.6": "chrisholmes",
                            "members.7": "Krenair",
                            "members.8": "thomasalanlee",
                            "members.9": "tlwr",
                            "name": "verify-tech-team-core",
                            "permission": "pull",
                            "privacy": "closed",
                            "slug": "verify-tech-team-core"
                        },
                        "meta": {},
                        "tainted": false
                    },
                    "deposed": [],
                    "provider": "provider.github"
                },
                "data.github_team.eidas": {
                    "type": "github_team",
                    "depends_on": [],
                    "primary": {
                        "id": "2826126",
                        "attributes": {
                            "description": "Verify tech team: verify-tech-team-eidas",
                            "id": "2826126",
                            "members.#": "13",
                            "members.0": "idrop",
                            "members.1": "chrisholmes",
                            "members.10": "dbes-gds",
                            "members.11": "JohnWattsGDS",
                            "members.12": "ida-codacy-bot",
                            "members.2": "thomasalanlee",
                            "members.3": "CharlesIC",
                            "members.4": "ida-build-bot",
                            "members.5": "blairboy362",
                            "members.6": "Wynndow",
                            "members.7": "tomrosier",
                            "members.8": "benjamin-mortimer",
                            "members.9": "JHjava",
                            "name": "verify-tech-team-eidas",
                            "permission": "pull",
                            "privacy": "closed",
                            "slug": "verify-tech-team-eidas"
                        },
                        "meta": {},
                        "tainted": false
                    },
                    "deposed": [],
                    "provider": "provider.github"
                },
                "data.github_team.infrastructure": {
                    "type": "github_team",
                    "depends_on": [],
                    "primary": {
                        "id": "2826127",
                        "attributes": {
                            "description": "Verify tech team: verify-tech-team-infrastructure",
                            "id": "2826127",
                            "members.#": "17",
                            "members.0": "46bit",
                            "members.1": "issyl0",
                            "members.10": "smford",
                            "members.11": "blairboy362",
                            "members.12": "andy-paine",
                            "members.13": "jstandring-gds",
                            "members.14": "adityapahuja",
                            "members.15": "rhowe-gds",
                            "members.16": "szd55gds",
                            "members.2": "philandstuff",
                            "members.3": "chrisholmes",
                            "members.4": "Krenair",
                            "members.5": "thomasalanlee",
                            "members.6": "mmhmm",
                            "members.7": "tlwr",
                            "members.8": "sakisv",
                            "members.9": "stephengrier",
                            "name": "verify-tech-team-infrastructure",
                            "permission": "pull",
                            "privacy": "closed",
                            "slug": "verify-tech-team-infrastructure"
                        },
                        "meta": {},
                        "tainted": false
                    },
                    "deposed": [],
                    "provider": "provider.github"
                }
            },
            "depends_on": []
        },
        {
            "path": [
                "root",
                "user_46bit"
            ],
            "outputs": {},
            "resources": {
                "data.github_team.approvers_team": {
                    "type": "github_team",
                    "depends_on": [],
                    "primary": {
                        "id": "3101758",
                        "attributes": {
                            "description": "Verify tech team: verify-tech-team-approvers",
                            "id": "3101758",
                            "members.#": "30",
                            "members.0": "idrop",
                            "members.1": "46bit",
                            "members.10": "tlwr",
                            "members.11": "kerrr",
                            "members.12": "robinmitra",
                            "members.13": "brenetic",
                            "members.14": "CharlesIC",
                            "members.15": "sakisv",
                            "members.16": "ronocg",
                            "members.17": "Rosa-Fox",
                            "members.18": "chrisclayson",
                            "members.19": "smford",
                            "members.2": "galund",
                            "members.20": "blairboy362",
                            "members.21": "Wynndow",
                            "members.22": "andy-paine",
                            "members.23": "tomrosier",
                            "members.24": "bjgill",
                            "members.25": "bravegrape",
                            "members.26": "jstandring-gds",
                            "members.27": "mhussein-gds",
                            "members.28": "adityapahuja",
                            "members.29": "rhowe-gds",
                            "members.3": "issyl0",
                            "members.4": "mrwilson",
                            "members.5": "philandstuff",
                            "members.6": "chrisholmes",
                            "members.7": "Krenair",
                            "members.8": "thomasalanlee",
                            "members.9": "mmhmm",
                            "name": "verify-tech-team-approvers",
                            "permission": "pull",
                            "privacy": "closed",
                            "slug": "verify-tech-team-approvers"
                        },
                        "meta": {},
                        "tainted": false
                    },
                    "deposed": [],
                    "provider": "provider.github"
                },
                "data.github_team.tech_team": {
                    "type": "github_team",
                    "depends_on": [],
                    "primary": {
                        "id": "2830432",
                        "attributes": {
                            "description": "Verify Tech Team",
                            "id": "2830432",
                            "members.#": "30",
                            "members.0": "idrop",
                            "members.1": "46bit",
                            "members.10": "tlwr",
                            "members.11": "kerrr",
                            "members.12": "zilnhoj",
                            "members.13": "Todai88",
                            "members.14": "robinmitra",
                            "members.15": "brenetic",
                            "members.16": "nacnudus",
                            "members.17": "CharlesIC",
                            "members.18": "jkunle",
                            "members.19": "sakisv",
                            "members.2": "galund",
                            "members.20": "stephengrier",
                            "members.21": "ronocg",
                            "members.22": "Rosa-Fox",
                            "members.23": "AnneCarr",
                            "members.24": "ida-build-bot",
                            "members.25": "chrisclayson",
                            "members.26": "smford",
                            "members.27": "blairboy362",
                            "members.28": "Wynndow",
                            "members.29": "andy-paine",
                            "members.3": "issyl0",
                            "members.4": "mrwilson",
                            "members.5": "philandstuff",
                            "members.6": "chrisholmes",
                            "members.7": "Krenair",
                            "members.8": "thomasalanlee",
                            "members.9": "mmhmm",
                            "name": "verify-tech-team",
                            "permission": "pull",
                            "privacy": "closed",
                            "slug": "verify-tech-team"
                        },
                        "meta": {},
                        "tainted": false
                    },
                    "deposed": [],
                    "provider": "provider.github"
                },
                "github_team_membership.team_membership.0": {
                    "type": "github_team_membership",
                    "depends_on": [],
                    "primary": {
                        "id": "2826122:46bit",
                        "attributes": {
                            "etag": "W/\"267bf92b6654c867c4260fbd75a3a8a3\"",
                            "id": "2826122:46bit",
                            "role": "member",
                            "team_id": "2826122",
                            "username": "46bit"
                        },
                        "meta": {},
                        "tainted": false
                    },
                    "deposed": [],
                    "provider": "provider.github"
                },
                "github_team_membership.team_membership.1": {
                    "type": "github_team_membership",
                    "depends_on": [],
                    "primary": {
                        "id": "2826127:46bit",
                        "attributes": {
                            "etag": "W/\"55fb2e3fe22a34c34e926972f0cdf3cc\"",
                            "id": "2826127:46bit",
                            "role": "member",
                            "team_id": "2826127",
                            "username": "46bit"
                        },
                        "meta": {},
                        "tainted": false
                    },
                    "deposed": [],
                    "provider": "provider.github"
                },
                "github_team_membership.tech_team_approver": {
                    "type": "github_team_membership",
                    "depends_on": [
                        "data.github_team.approvers_team"
                    ],
                    "primary": {
                        "id": "3101758:46bit",
                        "attributes": {
                            "etag": "W/\"78147631e13b15e4d1e3b5c08a8a8a4f\"",
                            "id": "3101758:46bit",
                            "role": "member",
                            "team_id": "3101758",
                            "username": "46bit"
                        },
                        "meta": {},
                        "tainted": false
                    },
                    "deposed": [],
                    "provider": "provider.github"
                }
            },
            "depends_on": []
        },
        {
            "path": [
                "root",
                "user_adityapahuja"
            ],
            "outputs": {},
            "resources": {
                "data.github_team.approvers_team": {
                    "type": "github_team",
                    "depends_on": [],
                    "primary": {
                        "id": "3101758",
                        "attributes": {
                            "description": "Verify tech team: verify-tech-team-approvers",
                            "id": "3101758",
                            "members.#": "30",
                            "members.0": "idrop",
                            "members.1": "46bit",
                            "members.10": "tlwr",
                            "members.11": "kerrr",
                            "members.12": "robinmitra",
                            "members.13": "brenetic",
                            "members.14": "CharlesIC",
                            "members.15": "sakisv",
                            "members.16": "ronocg",
                            "members.17": "Rosa-Fox",
                            "members.18": "chrisclayson",
                            "members.19": "smford",
                            "members.2": "galund",
                            "members.20": "blairboy362",
                            "members.21": "Wynndow",
                            "members.22": "andy-paine",
                            "members.23": "tomrosier",
                            "members.24": "bjgill",
                            "members.25": "bravegrape",
                            "members.26": "jstandring-gds",
                            "members.27": "mhussein-gds",
                            "members.28": "adityapahuja",
                            "members.29": "rhowe-gds",
                            "members.3": "issyl0",
                            "members.4": "mrwilson",
                            "members.5": "philandstuff",
                            "members.6": "chrisholmes",
                            "members.7": "Krenair",
                            "members.8": "thomasalanlee",
                            "members.9": "mmhmm",
                            "name": "verify-tech-team-approvers",
                            "permission": "pull",
                            "privacy": "closed",
                            "slug": "verify-tech-team-approvers"
                        },
                        "meta": {},
                        "tainted": false
                    },
                    "deposed": [],
                    "provider": "provider.github"
                },
                "data.github_team.tech_team": {
                    "type": "github_team",
                    "depends_on": [],
                    "primary": {
                        "id": "2830432",
                        "attributes": {
                            "description": "Verify Tech Team",
                            "id": "2830432",
                            "members.#": "30",
                            "members.0": "idrop",
                            "members.1": "46bit",
                            "members.10": "tlwr",
                            "members.11": "kerrr",
                            "members.12": "zilnhoj",
                            "members.13": "Todai88",
                            "members.14": "robinmitra",
                            "members.15": "brenetic",
                            "members.16": "nacnudus",
                            "members.17": "CharlesIC",
                            "members.18": "jkunle",
                            "members.19": "sakisv",
                            "members.2": "galund",
                            "members.20": "stephengrier",
                            "members.21": "ronocg",
                            "members.22": "Rosa-Fox",
                            "members.23": "AnneCarr",
                            "members.24": "ida-build-bot",
                            "members.25": "chrisclayson",
                            "members.26": "smford",
                            "members.27": "blairboy362",
                            "members.28": "Wynndow",
                            "members.29": "andy-paine",
                            "members.3": "issyl0",
                            "members.4": "mrwilson",
                            "members.5": "philandstuff",
                            "members.6": "chrisholmes",
                            "members.7": "Krenair",
                            "members.8": "thomasalanlee",
                            "members.9": "mmhmm",
                            "name": "verify-tech-team",
                            "permission": "pull",
                            "privacy": "closed",
                            "slug": "verify-tech-team"
                        },
                        "meta": {},
                        "tainted": false
                    },
                    "deposed": [],
                    "provider": "provider.github"
                },
                "github_team_membership.team_membership.0": {
                    "type": "github_team_membership",
                    "depends_on": [],
                    "primary": {
                        "id": "2826122:adityapahuja",
                        "attributes": {
                            "etag": "W/\"41fd3218869c8251eec348bb9f0f8434\"",
                            "id": "2826122:adityapahuja",
                            "role": "member",
                            "team_id": "2826122",
                            "username": "adityapahuja"
                        },
                        "meta": {},
                        "tainted": false
                    },
                    "deposed": [],
                    "provider": "provider.github"
                },
                "github_team_membership.team_membership.1": {
                    "type": "github_team_membership",
                    "depends_on": [],
                    "primary": {
                        "id": "2826127:adityapahuja",
                        "attributes": {
                            "etag": "W/\"c9dfa30f7d5c24b6fda063ad9c5f31d2\"",
                            "id": "2826127:adityapahuja",
                            "role": "member",
                            "team_id": "2826127",
                            "username": "adityapahuja"
                        },
                        "meta": {},
                        "tainted": false
                    },
                    "deposed": [],
                    "provider": "provider.github"
                },
                "github_team_membership.tech_team_approver": {
                    "type": "github_team_membership",
                    "depends_on": [
                        "data.github_team.approvers_team"
                    ],
                    "primary": {
                        "id": "3101758:adityapahuja",
                        "attributes": {
                            "etag": "W/\"0cee97ac0da84d81001323e1e1ea9069\"",
                            "id": "3101758:adityapahuja",
                            "role": "member",
                            "team_id": "3101758",
                            "username": "adityapahuja"
                        },
                        "meta": {},
                        "tainted": false
                    },
                    "deposed": [],
                    "provider": "provider.github"
                }
            },
            "depends_on": []
        },
        {
            "path": [
                "root",
                "user_alan_gds"
            ],
            "outputs": {},
            "resources": {
                "data.github_team.approvers_team": {
                    "type": "github_team",
                    "depends_on": [],
                    "primary": {
                        "id": "3101758",
                        "attributes": {
                            "description": "Verify tech team: verify-tech-team-approvers",
                            "id": "3101758",
                            "members.#": "30",
                            "members.0": "idrop",
                            "members.1": "46bit",
                            "members.10": "tlwr",
                            "members.11": "kerrr",
                            "members.12": "robinmitra",
                            "members.13": "brenetic",
                            "members.14": "CharlesIC",
                            "members.15": "sakisv",
                            "members.16": "ronocg",
                            "members.17": "Rosa-Fox",
                            "members.18": "chrisclayson",
                            "members.19": "smford",
                            "members.2": "galund",
                            "members.20": "blairboy362",
                            "members.21": "Wynndow",
                            "members.22": "andy-paine",
                            "members.23": "tomrosier",
                            "members.24": "bjgill",
                            "members.25": "bravegrape",
                            "members.26": "jstandring-gds",
                            "members.27": "mhussein-gds",
                            "members.28": "adityapahuja",
                            "members.29": "rhowe-gds",
                            "members.3": "issyl0",
                            "members.4": "mrwilson",
                            "members.5": "philandstuff",
                            "members.6": "chrisholmes",
                            "members.7": "Krenair",
                            "members.8": "thomasalanlee",
                            "members.9": "mmhmm",
                            "name": "verify-tech-team-approvers",
                            "permission": "pull",
                            "privacy": "closed",
                            "slug": "verify-tech-team-approvers"
                        },
                        "meta": {},
                        "tainted": false
                    },
                    "deposed": [],
                    "provider": "provider.github"
                },
                "data.github_team.tech_team": {
                    "type": "github_team",
                    "depends_on": [],
                    "primary": {
                        "id": "2830432",
                        "attributes": {
                            "description": "Verify Tech Team",
                            "id": "2830432",
                            "members.#": "30",
                            "members.0": "idrop",
                            "members.1": "46bit",
                            "members.10": "tlwr",
                            "members.11": "kerrr",
                            "members.12": "zilnhoj",
                            "members.13": "Todai88",
                            "members.14": "robinmitra",
                            "members.15": "brenetic",
                            "members.16": "nacnudus",
                            "members.17": "CharlesIC",
                            "members.18": "jkunle",
                            "members.19": "sakisv",
                            "members.2": "galund",
                            "members.20": "stephengrier",
                            "members.21": "ronocg",
                            "members.22": "Rosa-Fox",
                            "members.23": "AnneCarr",
                            "members.24": "ida-build-bot",
                            "members.25": "chrisclayson",
                            "members.26": "smford",
                            "members.27": "blairboy362",
                            "members.28": "Wynndow",
                            "members.29": "andy-paine",
                            "members.3": "issyl0",
                            "members.4": "mrwilson",
                            "members.5": "philandstuff",
                            "members.6": "chrisholmes",
                            "members.7": "Krenair",
                            "members.8": "thomasalanlee",
                            "members.9": "mmhmm",
                            "name": "verify-tech-team",
                            "permission": "pull",
                            "privacy": "closed",
                            "slug": "verify-tech-team"
                        },
                        "meta": {},
                        "tainted": false
                    },
                    "deposed": [],
                    "provider": "provider.github"
                },
                "github_team_membership.team_membership": {
                    "type": "github_team_membership",
                    "depends_on": [],
                    "primary": {
                        "id": "2826122:alan-gds",
                        "attributes": {
                            "etag": "W/\"62d5cc2bf67ab80aba3520ae17520064\"",
                            "id": "2826122:alan-gds",
                            "role": "member",
                            "team_id": "2826122",
                            "username": "alan-gds"
                        },
                        "meta": {},
                        "tainted": false
                    },
                    "deposed": [],
                    "provider": "provider.github"
                },
                "github_team_membership.tech_team_approver": {
                    "type": "github_team_membership",
                    "depends_on": [
                        "data.github_team.approvers_team"
                    ],
                    "primary": {
                        "id": "3101758:alan-gds",
                        "attributes": {
                            "etag": "W/\"cf7bcf6eee1cdfc0153c008b8342b824\"",
                            "id": "3101758:alan-gds",
                            "role": "member",
                            "team_id": "3101758",
                            "username": "alan-gds"
                        },
                        "meta": {},
                        "tainted": false
                    },
                    "deposed": [],
                    "provider": "provider.github"
                }
            },
            "depends_on": []
        },
        {
            "path": [
                "root",
                "user_alex_monk"
            ],
            "outputs": {},
            "resources": {
                "data.github_team.approvers_team": {
                    "type": "github_team",
                    "depends_on": [],
                    "primary": {
                        "id": "3101758",
                        "attributes": {
                            "description": "Verify tech team: verify-tech-team-approvers",
                            "id": "3101758",
                            "members.#": "30",
                            "members.0": "idrop",
                            "members.1": "46bit",
                            "members.10": "tlwr",
                            "members.11": "kerrr",
                            "members.12": "robinmitra",
                            "members.13": "brenetic",
                            "members.14": "CharlesIC",
                            "members.15": "sakisv",
                            "members.16": "ronocg",
                            "members.17": "Rosa-Fox",
                            "members.18": "chrisclayson",
                            "members.19": "smford",
                            "members.2": "galund",
                            "members.20": "blairboy362",
                            "members.21": "Wynndow",
                            "members.22": "andy-paine",
                            "members.23": "tomrosier",
                            "members.24": "bjgill",
                            "members.25": "bravegrape",
                            "members.26": "jstandring-gds",
                            "members.27": "mhussein-gds",
                            "members.28": "adityapahuja",
                            "members.29": "rhowe-gds",
                            "members.3": "issyl0",
                            "members.4": "mrwilson",
                            "members.5": "philandstuff",
                            "members.6": "chrisholmes",
                            "members.7": "Krenair",
                            "members.8": "thomasalanlee",
                            "members.9": "mmhmm",
                            "name": "verify-tech-team-approvers",
                            "permission": "pull",
                            "privacy": "closed",
                            "slug": "verify-tech-team-approvers"
                        },
                        "meta": {},
                        "tainted": false
                    },
                    "deposed": [],
                    "provider": "provider.github"
                },
                "data.github_team.tech_team": {
                    "type": "github_team",
                    "depends_on": [],
                    "primary": {
                        "id": "2830432",
                        "attributes": {
                            "description": "Verify Tech Team",
                            "id": "2830432",
                            "members.#": "30",
                            "members.0": "idrop",
                            "members.1": "46bit",
                            "members.10": "tlwr",
                            "members.11": "kerrr",
                            "members.12": "zilnhoj",
                            "members.13": "Todai88",
                            "members.14": "robinmitra",
                            "members.15": "brenetic",
                            "members.16": "nacnudus",
                            "members.17": "CharlesIC",
                            "members.18": "jkunle",
                            "members.19": "sakisv",
                            "members.2": "galund",
                            "members.20": "stephengrier",
                            "members.21": "ronocg",
                            "members.22": "Rosa-Fox",
                            "members.23": "AnneCarr",
                            "members.24": "ida-build-bot",
                            "members.25": "chrisclayson",
                            "members.26": "smford",
                            "members.27": "blairboy362",
                            "members.28": "Wynndow",
                            "members.29": "andy-paine",
                            "members.3": "issyl0",
                            "members.4": "mrwilson",
                            "members.5": "philandstuff",
                            "members.6": "chrisholmes",
                            "members.7": "Krenair",
                            "members.8": "thomasalanlee",
                            "members.9": "mmhmm",
                            "name": "verify-tech-team",
                            "permission": "pull",
                            "privacy": "closed",
                            "slug": "verify-tech-team"
                        },
                        "meta": {},
                        "tainted": false
                    },
                    "deposed": [],
                    "provider": "provider.github"
                },
                "github_team_membership.team_membership.0": {
                    "type": "github_team_membership",
                    "depends_on": [],
                    "primary": {
                        "id": "2826122:Krenair",
                        "attributes": {
                            "etag": "W/\"97392df724c2a202ea7392ccd0b9eeca\"",
                            "id": "2826122:Krenair",
                            "role": "member",
                            "team_id": "2826122",
                            "username": "Krenair"
                        },
                        "meta": {},
                        "tainted": false
                    },
                    "deposed": [],
                    "provider": "provider.github"
                },
                "github_team_membership.team_membership.1": {
                    "type": "github_team_membership",
                    "depends_on": [],
                    "primary": {
                        "id": "2826127:Krenair",
                        "attributes": {
                            "etag": "W/\"71ea52dfb11712dfd76310f9b7dc6790\"",
                            "id": "2826127:Krenair",
                            "role": "member",
                            "team_id": "2826127",
                            "username": "Krenair"
                        },
                        "meta": {},
                        "tainted": false
                    },
                    "deposed": [],
                    "provider": "provider.github"
                },
                "github_team_membership.tech_team_approver": {
                    "type": "github_team_membership",
                    "depends_on": [
                        "data.github_team.approvers_team"
                    ],
                    "primary": {
                        "id": "3101758:Krenair",
                        "attributes": {
                            "etag": "W/\"f50f283415608b4b59139c6c17da3686\"",
                            "id": "3101758:Krenair",
                            "role": "member",
                            "team_id": "3101758",
                            "username": "Krenair"
                        },
                        "meta": {},
                        "tainted": false
                    },
                    "deposed": [],
                    "provider": "provider.github"
                }
            },
            "depends_on": []
        },
        {
            "path": [
                "root",
                "user_alexandergeegds"
            ],
            "outputs": {},
            "resources": {
                "data.github_team.approvers_team": {
                    "type": "github_team",
                    "depends_on": [],
                    "primary": {
                        "id": "3101758",
                        "attributes": {
                            "description": "Verify tech team: verify-tech-team-approvers",
                            "id": "3101758",
                            "members.#": "30",
                            "members.0": "idrop",
                            "members.1": "46bit",
                            "members.10": "tlwr",
                            "members.11": "kerrr",
                            "members.12": "robinmitra",
                            "members.13": "brenetic",
                            "members.14": "CharlesIC",
                            "members.15": "sakisv",
                            "members.16": "ronocg",
                            "members.17": "Rosa-Fox",
                            "members.18": "chrisclayson",
                            "members.19": "smford",
                            "members.2": "galund",
                            "members.20": "blairboy362",
                            "members.21": "Wynndow",
                            "members.22": "andy-paine",
                            "members.23": "tomrosier",
                            "members.24": "bjgill",
                            "members.25": "bravegrape",
                            "members.26": "jstandring-gds",
                            "members.27": "mhussein-gds",
                            "members.28": "adityapahuja",
                            "members.29": "rhowe-gds",
                            "members.3": "issyl0",
                            "members.4": "mrwilson",
                            "members.5": "philandstuff",
                            "members.6": "chrisholmes",
                            "members.7": "Krenair",
                            "members.8": "thomasalanlee",
                            "members.9": "mmhmm",
                            "name": "verify-tech-team-approvers",
                            "permission": "pull",
                            "privacy": "closed",
                            "slug": "verify-tech-team-approvers"
                        },
                        "meta": {},
                        "tainted": false
                    },
                    "deposed": [],
                    "provider": "provider.github"
                },
                "data.github_team.tech_team": {
                    "type": "github_team",
                    "depends_on": [],
                    "primary": {
                        "id": "2830432",
                        "attributes": {
                            "description": "Verify Tech Team",
                            "id": "2830432",
                            "members.#": "30",
                            "members.0": "idrop",
                            "members.1": "46bit",
                            "members.10": "tlwr",
                            "members.11": "kerrr",
                            "members.12": "zilnhoj",
                            "members.13": "Todai88",
                            "members.14": "robinmitra",
                            "members.15": "brenetic",
                            "members.16": "nacnudus",
                            "members.17": "CharlesIC",
                            "members.18": "jkunle",
                            "members.19": "sakisv",
                            "members.2": "galund",
                            "members.20": "stephengrier",
                            "members.21": "ronocg",
                            "members.22": "Rosa-Fox",
                            "members.23": "AnneCarr",
                            "members.24": "ida-build-bot",
                            "members.25": "chrisclayson",
                            "members.26": "smford",
                            "members.27": "blairboy362",
                            "members.28": "Wynndow",
                            "members.29": "andy-paine",
                            "members.3": "issyl0",
                            "members.4": "mrwilson",
                            "members.5": "philandstuff",
                            "members.6": "chrisholmes",
                            "members.7": "Krenair",
                            "members.8": "thomasalanlee",
                            "members.9": "mmhmm",
                            "name": "verify-tech-team",
                            "permission": "pull",
                            "privacy": "closed",
                            "slug": "verify-tech-team"
                        },
                        "meta": {},
                        "tainted": false
                    },
                    "deposed": [],
                    "provider": "provider.github"
                },
                "github_team_membership.team_membership": {
                    "type": "github_team_membership",
                    "depends_on": [],
                    "primary": {
                        "id": "2826122:alexandergeegds",
                        "attributes": {
                            "etag": "W/\"de1da61e8dc344f37cc6627c4c604692\"",
                            "id": "2826122:alexandergeegds",
                            "role": "member",
                            "team_id": "2826122",
                            "username": "alexandergeegds"
                        },
                        "meta": {},
                        "tainted": false
                    },
                    "deposed": [],
                    "provider": "provider.github"
                },
                "github_team_membership.tech_team_approver": {
                    "type": "github_team_membership",
                    "depends_on": [
                        "data.github_team.approvers_team"
                    ],
                    "primary": {
                        "id": "3101758:alexandergeegds",
                        "attributes": {
                            "etag": "W/\"3523e23ba3bad187c03277c03c0dac1c\"",
                            "id": "3101758:alexandergeegds",
                            "role": "member",
                            "team_id": "3101758",
                            "username": "alexandergeegds"
                        },
                        "meta": {},
                        "tainted": false
                    },
                    "deposed": [],
                    "provider": "provider.github"
                }
            },
            "depends_on": []
        },
        {
            "path": [
                "root",
                "user_amritsidhu"
            ],
            "outputs": {},
            "resources": {
                "data.github_team.approvers_team": {
                    "type": "github_team",
                    "depends_on": [],
                    "primary": {
                        "id": "3101758",
                        "attributes": {
                            "description": "Verify tech team: verify-tech-team-approvers",
                            "id": "3101758",
                            "members.#": "30",
                            "members.0": "idrop",
                            "members.1": "46bit",
                            "members.10": "tlwr",
                            "members.11": "kerrr",
                            "members.12": "robinmitra",
                            "members.13": "brenetic",
                            "members.14": "CharlesIC",
                            "members.15": "sakisv",
                            "members.16": "ronocg",
                            "members.17": "Rosa-Fox",
                            "members.18": "chrisclayson",
                            "members.19": "smford",
                            "members.2": "galund",
                            "members.20": "blairboy362",
                            "members.21": "Wynndow",
                            "members.22": "andy-paine",
                            "members.23": "tomrosier",
                            "members.24": "bjgill",
                            "members.25": "bravegrape",
                            "members.26": "jstandring-gds",
                            "members.27": "mhussein-gds",
                            "members.28": "adityapahuja",
                            "members.29": "rhowe-gds",
                            "members.3": "issyl0",
                            "members.4": "mrwilson",
                            "members.5": "philandstuff",
                            "members.6": "chrisholmes",
                            "members.7": "Krenair",
                            "members.8": "thomasalanlee",
                            "members.9": "mmhmm",
                            "name": "verify-tech-team-approvers",
                            "permission": "pull",
                            "privacy": "closed",
                            "slug": "verify-tech-team-approvers"
                        },
                        "meta": {},
                        "tainted": false
                    },
                    "deposed": [],
                    "provider": "provider.github"
                },
                "data.github_team.tech_team": {
                    "type": "github_team",
                    "depends_on": [],
                    "primary": {
                        "id": "2830432",
                        "attributes": {
                            "description": "Verify Tech Team",
                            "id": "2830432",
                            "members.#": "30",
                            "members.0": "idrop",
                            "members.1": "46bit",
                            "members.10": "tlwr",
                            "members.11": "kerrr",
                            "members.12": "zilnhoj",
                            "members.13": "Todai88",
                            "members.14": "robinmitra",
                            "members.15": "brenetic",
                            "members.16": "nacnudus",
                            "members.17": "CharlesIC",
                            "members.18": "jkunle",
                            "members.19": "sakisv",
                            "members.2": "galund",
                            "members.20": "stephengrier",
                            "members.21": "ronocg",
                            "members.22": "Rosa-Fox",
                            "members.23": "AnneCarr",
                            "members.24": "ida-build-bot",
                            "members.25": "chrisclayson",
                            "members.26": "smford",
                            "members.27": "blairboy362",
                            "members.28": "Wynndow",
                            "members.29": "andy-paine",
                            "members.3": "issyl0",
                            "members.4": "mrwilson",
                            "members.5": "philandstuff",
                            "members.6": "chrisholmes",
                            "members.7": "Krenair",
                            "members.8": "thomasalanlee",
                            "members.9": "mmhmm",
                            "name": "verify-tech-team",
                            "permission": "pull",
                            "privacy": "closed",
                            "slug": "verify-tech-team"
                        },
                        "meta": {},
                        "tainted": false
                    },
                    "deposed": [],
                    "provider": "provider.github"
                },
                "github_team_membership.team_membership": {
                    "type": "github_team_membership",
                    "depends_on": [],
                    "primary": {
                        "id": "2826122:AmritSidhu",
                        "attributes": {
                            "etag": "W/\"30d383874d6feec5c48e654abd394b25\"",
                            "id": "2826122:AmritSidhu",
                            "role": "member",
                            "team_id": "2826122",
                            "username": "AmritSidhu"
                        },
                        "meta": {},
                        "tainted": false
                    },
                    "deposed": [],
                    "provider": "provider.github"
                },
                "github_team_membership.tech_team_approver": {
                    "type": "github_team_membership",
                    "depends_on": [
                        "data.github_team.approvers_team"
                    ],
                    "primary": {
                        "id": "3101758:AmritSidhu",
                        "attributes": {
                            "etag": "W/\"1332f25e6a980b06106ffbaf0f7dce60\"",
                            "id": "3101758:AmritSidhu",
                            "role": "member",
                            "team_id": "3101758",
                            "username": "AmritSidhu"
                        },
                        "meta": {},
                        "tainted": false
                    },
                    "deposed": [],
                    "provider": "provider.github"
                }
            },
            "depends_on": []
        },
        {
            "path": [
                "root",
                "user_andy_paine"
            ],
            "outputs": {},
            "resources": {
                "data.github_team.approvers_team": {
                    "type": "github_team",
                    "depends_on": [],
                    "primary": {
                        "id": "3101758",
                        "attributes": {
                            "description": "Verify tech team: verify-tech-team-approvers",
                            "id": "3101758",
                            "members.#": "30",
                            "members.0": "idrop",
                            "members.1": "46bit",
                            "members.10": "tlwr",
                            "members.11": "kerrr",
                            "members.12": "robinmitra",
                            "members.13": "brenetic",
                            "members.14": "CharlesIC",
                            "members.15": "sakisv",
                            "members.16": "ronocg",
                            "members.17": "Rosa-Fox",
                            "members.18": "chrisclayson",
                            "members.19": "smford",
                            "members.2": "galund",
                            "members.20": "blairboy362",
                            "members.21": "Wynndow",
                            "members.22": "andy-paine",
                            "members.23": "tomrosier",
                            "members.24": "bjgill",
                            "members.25": "bravegrape",
                            "members.26": "jstandring-gds",
                            "members.27": "mhussein-gds",
                            "members.28": "adityapahuja",
                            "members.29": "rhowe-gds",
                            "members.3": "issyl0",
                            "members.4": "mrwilson",
                            "members.5": "philandstuff",
                            "members.6": "chrisholmes",
                            "members.7": "Krenair",
                            "members.8": "thomasalanlee",
                            "members.9": "mmhmm",
                            "name": "verify-tech-team-approvers",
                            "permission": "pull",
                            "privacy": "closed",
                            "slug": "verify-tech-team-approvers"
                        },
                        "meta": {},
                        "tainted": false
                    },
                    "deposed": [],
                    "provider": "provider.github"
                },
                "data.github_team.tech_team": {
                    "type": "github_team",
                    "depends_on": [],
                    "primary": {
                        "id": "2830432",
                        "attributes": {
                            "description": "Verify Tech Team",
                            "id": "2830432",
                            "members.#": "30",
                            "members.0": "idrop",
                            "members.1": "46bit",
                            "members.10": "tlwr",
                            "members.11": "kerrr",
                            "members.12": "zilnhoj",
                            "members.13": "Todai88",
                            "members.14": "robinmitra",
                            "members.15": "brenetic",
                            "members.16": "nacnudus",
                            "members.17": "CharlesIC",
                            "members.18": "jkunle",
                            "members.19": "sakisv",
                            "members.2": "galund",
                            "members.20": "stephengrier",
                            "members.21": "ronocg",
                            "members.22": "Rosa-Fox",
                            "members.23": "AnneCarr",
                            "members.24": "ida-build-bot",
                            "members.25": "chrisclayson",
                            "members.26": "smford",
                            "members.27": "blairboy362",
                            "members.28": "Wynndow",
                            "members.29": "andy-paine",
                            "members.3": "issyl0",
                            "members.4": "mrwilson",
                            "members.5": "philandstuff",
                            "members.6": "chrisholmes",
                            "members.7": "Krenair",
                            "members.8": "thomasalanlee",
                            "members.9": "mmhmm",
                            "name": "verify-tech-team",
                            "permission": "pull",
                            "privacy": "closed",
                            "slug": "verify-tech-team"
                        },
                        "meta": {},
                        "tainted": false
                    },
                    "deposed": [],
                    "provider": "provider.github"
                },
                "github_team_membership.team_membership.0": {
                    "type": "github_team_membership",
                    "depends_on": [],
                    "primary": {
                        "id": "2826122:andy-paine",
                        "attributes": {
                            "etag": "W/\"85e6645a3c962a162de9e2339e37ef69\"",
                            "id": "2826122:andy-paine",
                            "role": "member",
                            "team_id": "2826122",
                            "username": "andy-paine"
                        },
                        "meta": {},
                        "tainted": false
                    },
                    "deposed": [],
                    "provider": "provider.github"
                },
                "github_team_membership.team_membership.1": {
                    "type": "github_team_membership",
                    "depends_on": [],
                    "primary": {
                        "id": "2826127:andy-paine",
                        "attributes": {
                            "etag": "W/\"093cd04884513dbb77a014085fdbf44f\"",
                            "id": "2826127:andy-paine",
                            "role": "member",
                            "team_id": "2826127",
                            "username": "andy-paine"
                        },
                        "meta": {},
                        "tainted": false
                    },
                    "deposed": [],
                    "provider": "provider.github"
                },
                "github_team_membership.tech_team_approver": {
                    "type": "github_team_membership",
                    "depends_on": [
                        "data.github_team.approvers_team"
                    ],
                    "primary": {
                        "id": "3101758:andy-paine",
                        "attributes": {
                            "etag": "W/\"8bd260aa25fcedab460e570b964a64ea\"",
                            "id": "3101758:andy-paine",
                            "role": "member",
                            "team_id": "3101758",
                            "username": "andy-paine"
                        },
                        "meta": {},
                        "tainted": false
                    },
                    "deposed": [],
                    "provider": "provider.github"
                }
            },
            "depends_on": []
        },
        {
            "path": [
                "root",
                "user_annecarr"
            ],
            "outputs": {},
            "resources": {
                "data.github_team.approvers_team": {
                    "type": "github_team",
                    "depends_on": [],
                    "primary": {
                        "id": "3101758",
                        "attributes": {
                            "description": "Verify tech team: verify-tech-team-approvers",
                            "id": "3101758",
                            "members.#": "30",
                            "members.0": "idrop",
                            "members.1": "46bit",
                            "members.10": "tlwr",
                            "members.11": "kerrr",
                            "members.12": "robinmitra",
                            "members.13": "brenetic",
                            "members.14": "CharlesIC",
                            "members.15": "sakisv",
                            "members.16": "ronocg",
                            "members.17": "Rosa-Fox",
                            "members.18": "chrisclayson",
                            "members.19": "smford",
                            "members.2": "galund",
                            "members.20": "blairboy362",
                            "members.21": "Wynndow",
                            "members.22": "andy-paine",
                            "members.23": "tomrosier",
                            "members.24": "bjgill",
                            "members.25": "bravegrape",
                            "members.26": "jstandring-gds",
                            "members.27": "mhussein-gds",
                            "members.28": "adityapahuja",
                            "members.29": "rhowe-gds",
                            "members.3": "issyl0",
                            "members.4": "mrwilson",
                            "members.5": "philandstuff",
                            "members.6": "chrisholmes",
                            "members.7": "Krenair",
                            "members.8": "thomasalanlee",
                            "members.9": "mmhmm",
                            "name": "verify-tech-team-approvers",
                            "permission": "pull",
                            "privacy": "closed",
                            "slug": "verify-tech-team-approvers"
                        },
                        "meta": {},
                        "tainted": false
                    },
                    "deposed": [],
                    "provider": "provider.github"
                },
                "data.github_team.tech_team": {
                    "type": "github_team",
                    "depends_on": [],
                    "primary": {
                        "id": "2830432",
                        "attributes": {
                            "description": "Verify Tech Team",
                            "id": "2830432",
                            "members.#": "30",
                            "members.0": "idrop",
                            "members.1": "46bit",
                            "members.10": "tlwr",
                            "members.11": "kerrr",
                            "members.12": "zilnhoj",
                            "members.13": "Todai88",
                            "members.14": "robinmitra",
                            "members.15": "brenetic",
                            "members.16": "nacnudus",
                            "members.17": "CharlesIC",
                            "members.18": "jkunle",
                            "members.19": "sakisv",
                            "members.2": "galund",
                            "members.20": "stephengrier",
                            "members.21": "ronocg",
                            "members.22": "Rosa-Fox",
                            "members.23": "AnneCarr",
                            "members.24": "ida-build-bot",
                            "members.25": "chrisclayson",
                            "members.26": "smford",
                            "members.27": "blairboy362",
                            "members.28": "Wynndow",
                            "members.29": "andy-paine",
                            "members.3": "issyl0",
                            "members.4": "mrwilson",
                            "members.5": "philandstuff",
                            "members.6": "chrisholmes",
                            "members.7": "Krenair",
                            "members.8": "thomasalanlee",
                            "members.9": "mmhmm",
                            "name": "verify-tech-team",
                            "permission": "pull",
                            "privacy": "closed",
                            "slug": "verify-tech-team"
                        },
                        "meta": {},
                        "tainted": false
                    },
                    "deposed": [],
                    "provider": "provider.github"
                },
                "github_team_membership.team_membership": {
                    "type": "github_team_membership",
                    "depends_on": [],
                    "primary": {
                        "id": "2826122:AnneCarr",
                        "attributes": {
                            "etag": "W/\"c2093ce14f4c0ea204ef7f33295e0e09\"",
                            "id": "2826122:AnneCarr",
                            "role": "member",
                            "team_id": "2826122",
                            "username": "AnneCarr"
                        },
                        "meta": {},
                        "tainted": false
                    },
                    "deposed": [],
                    "provider": "provider.github"
                }
            },
            "depends_on": []
        },
        {
            "path": [
                "root",
                "user_benjamin_mortimer"
            ],
            "outputs": {},
            "resources": {
                "data.github_team.approvers_team": {
                    "type": "github_team",
                    "depends_on": [],
                    "primary": {
                        "id": "3101758",
                        "attributes": {
                            "description": "Verify tech team: verify-tech-team-approvers",
                            "id": "3101758",
                            "members.#": "30",
                            "members.0": "idrop",
                            "members.1": "46bit",
                            "members.10": "tlwr",
                            "members.11": "kerrr",
                            "members.12": "robinmitra",
                            "members.13": "brenetic",
                            "members.14": "CharlesIC",
                            "members.15": "sakisv",
                            "members.16": "ronocg",
                            "members.17": "Rosa-Fox",
                            "members.18": "chrisclayson",
                            "members.19": "smford",
                            "members.2": "galund",
                            "members.20": "blairboy362",
                            "members.21": "Wynndow",
                            "members.22": "andy-paine",
                            "members.23": "tomrosier",
                            "members.24": "bjgill",
                            "members.25": "bravegrape",
                            "members.26": "jstandring-gds",
                            "members.27": "mhussein-gds",
                            "members.28": "adityapahuja",
                            "members.29": "rhowe-gds",
                            "members.3": "issyl0",
                            "members.4": "mrwilson",
                            "members.5": "philandstuff",
                            "members.6": "chrisholmes",
                            "members.7": "Krenair",
                            "members.8": "thomasalanlee",
                            "members.9": "mmhmm",
                            "name": "verify-tech-team-approvers",
                            "permission": "pull",
                            "privacy": "closed",
                            "slug": "verify-tech-team-approvers"
                        },
                        "meta": {},
                        "tainted": false
                    },
                    "deposed": [],
                    "provider": "provider.github"
                },
                "data.github_team.tech_team": {
                    "type": "github_team",
                    "depends_on": [],
                    "primary": {
                        "id": "2830432",
                        "attributes": {
                            "description": "Verify Tech Team",
                            "id": "2830432",
                            "members.#": "30",
                            "members.0": "idrop",
                            "members.1": "46bit",
                            "members.10": "tlwr",
                            "members.11": "kerrr",
                            "members.12": "zilnhoj",
                            "members.13": "Todai88",
                            "members.14": "robinmitra",
                            "members.15": "brenetic",
                            "members.16": "nacnudus",
                            "members.17": "CharlesIC",
                            "members.18": "jkunle",
                            "members.19": "sakisv",
                            "members.2": "galund",
                            "members.20": "stephengrier",
                            "members.21": "ronocg",
                            "members.22": "Rosa-Fox",
                            "members.23": "AnneCarr",
                            "members.24": "ida-build-bot",
                            "members.25": "chrisclayson",
                            "members.26": "smford",
                            "members.27": "blairboy362",
                            "members.28": "Wynndow",
                            "members.29": "andy-paine",
                            "members.3": "issyl0",
                            "members.4": "mrwilson",
                            "members.5": "philandstuff",
                            "members.6": "chrisholmes",
                            "members.7": "Krenair",
                            "members.8": "thomasalanlee",
                            "members.9": "mmhmm",
                            "name": "verify-tech-team",
                            "permission": "pull",
                            "privacy": "closed",
                            "slug": "verify-tech-team"
                        },
                        "meta": {},
                        "tainted": false
                    },
                    "deposed": [],
                    "provider": "provider.github"
                },
                "github_team_membership.team_membership.0": {
                    "type": "github_team_membership",
                    "depends_on": [],
                    "primary": {
                        "id": "2826122:benjamin-mortimer",
                        "attributes": {
                            "etag": "W/\"234fd3fbfb655ed2da6e793dd49a0a76\"",
                            "id": "2826122:benjamin-mortimer",
                            "role": "member",
                            "team_id": "2826122",
                            "username": "benjamin-mortimer"
                        },
                        "meta": {},
                        "tainted": false
                    },
                    "deposed": [],
                    "provider": "provider.github"
                },
                "github_team_membership.team_membership.1": {
                    "type": "github_team_membership",
                    "depends_on": [],
                    "primary": {
                        "id": "2826126:benjamin-mortimer",
                        "attributes": {
                            "etag": "W/\"2df0842c98dd48094aeb2994344c4f56\"",
                            "id": "2826126:benjamin-mortimer",
                            "role": "member",
                            "team_id": "2826126",
                            "username": "benjamin-mortimer"
                        },
                        "meta": {},
                        "tainted": false
                    },
                    "deposed": [],
                    "provider": "provider.github"
                }
            },
            "depends_on": []
        },
        {
            "path": [
                "root",
                "user_bjgill"
            ],
            "outputs": {},
            "resources": {
                "data.github_team.approvers_team": {
                    "type": "github_team",
                    "depends_on": [],
                    "primary": {
                        "id": "3101758",
                        "attributes": {
                            "description": "Verify tech team: verify-tech-team-approvers",
                            "id": "3101758",
                            "members.#": "30",
                            "members.0": "idrop",
                            "members.1": "46bit",
                            "members.10": "tlwr",
                            "members.11": "kerrr",
                            "members.12": "robinmitra",
                            "members.13": "brenetic",
                            "members.14": "CharlesIC",
                            "members.15": "sakisv",
                            "members.16": "ronocg",
                            "members.17": "Rosa-Fox",
                            "members.18": "chrisclayson",
                            "members.19": "smford",
                            "members.2": "galund",
                            "members.20": "blairboy362",
                            "members.21": "Wynndow",
                            "members.22": "andy-paine",
                            "members.23": "tomrosier",
                            "members.24": "bjgill",
                            "members.25": "bravegrape",
                            "members.26": "jstandring-gds",
                            "members.27": "mhussein-gds",
                            "members.28": "adityapahuja",
                            "members.29": "rhowe-gds",
                            "members.3": "issyl0",
                            "members.4": "mrwilson",
                            "members.5": "philandstuff",
                            "members.6": "chrisholmes",
                            "members.7": "Krenair",
                            "members.8": "thomasalanlee",
                            "members.9": "mmhmm",
                            "name": "verify-tech-team-approvers",
                            "permission": "pull",
                            "privacy": "closed",
                            "slug": "verify-tech-team-approvers"
                        },
                        "meta": {},
                        "tainted": false
                    },
                    "deposed": [],
                    "provider": "provider.github"
                },
                "data.github_team.tech_team": {
                    "type": "github_team",
                    "depends_on": [],
                    "primary": {
                        "id": "2830432",
                        "attributes": {
                            "description": "Verify Tech Team",
                            "id": "2830432",
                            "members.#": "30",
                            "members.0": "idrop",
                            "members.1": "46bit",
                            "members.10": "tlwr",
                            "members.11": "kerrr",
                            "members.12": "zilnhoj",
                            "members.13": "Todai88",
                            "members.14": "robinmitra",
                            "members.15": "brenetic",
                            "members.16": "nacnudus",
                            "members.17": "CharlesIC",
                            "members.18": "jkunle",
                            "members.19": "sakisv",
                            "members.2": "galund",
                            "members.20": "stephengrier",
                            "members.21": "ronocg",
                            "members.22": "Rosa-Fox",
                            "members.23": "AnneCarr",
                            "members.24": "ida-build-bot",
                            "members.25": "chrisclayson",
                            "members.26": "smford",
                            "members.27": "blairboy362",
                            "members.28": "Wynndow",
                            "members.29": "andy-paine",
                            "members.3": "issyl0",
                            "members.4": "mrwilson",
                            "members.5": "philandstuff",
                            "members.6": "chrisholmes",
                            "members.7": "Krenair",
                            "members.8": "thomasalanlee",
                            "members.9": "mmhmm",
                            "name": "verify-tech-team",
                            "permission": "pull",
                            "privacy": "closed",
                            "slug": "verify-tech-team"
                        },
                        "meta": {},
                        "tainted": false
                    },
                    "deposed": [],
                    "provider": "provider.github"
                },
                "github_team_membership.team_membership": {
                    "type": "github_team_membership",
                    "depends_on": [],
                    "primary": {
                        "id": "2826122:bjgill",
                        "attributes": {
                            "etag": "W/\"25812ed6650c3bc4c86ee9edef7966b5\"",
                            "id": "2826122:bjgill",
                            "role": "member",
                            "team_id": "2826122",
                            "username": "bjgill"
                        },
                        "meta": {},
                        "tainted": false
                    },
                    "deposed": [],
                    "provider": "provider.github"
                },
                "github_team_membership.tech_team_approver": {
                    "type": "github_team_membership",
                    "depends_on": [
                        "data.github_team.approvers_team"
                    ],
                    "primary": {
                        "id": "3101758:bjgill",
                        "attributes": {
                            "etag": "W/\"1e08effc9a0b62478a15f86a5a727d6b\"",
                            "id": "3101758:bjgill",
                            "role": "member",
                            "team_id": "3101758",
                            "username": "bjgill"
                        },
                        "meta": {},
                        "tainted": false
                    },
                    "deposed": [],
                    "provider": "provider.github"
                }
            },
            "depends_on": []
        },
        {
            "path": [
                "root",
                "user_blairboy362"
            ],
            "outputs": {},
            "resources": {
                "data.github_team.approvers_team": {
                    "type": "github_team",
                    "depends_on": [],
                    "primary": {
                        "id": "3101758",
                        "attributes": {
                            "description": "Verify tech team: verify-tech-team-approvers",
                            "id": "3101758",
                            "members.#": "30",
                            "members.0": "idrop",
                            "members.1": "46bit",
                            "members.10": "tlwr",
                            "members.11": "kerrr",
                            "members.12": "robinmitra",
                            "members.13": "brenetic",
                            "members.14": "CharlesIC",
                            "members.15": "sakisv",
                            "members.16": "ronocg",
                            "members.17": "Rosa-Fox",
                            "members.18": "chrisclayson",
                            "members.19": "smford",
                            "members.2": "galund",
                            "members.20": "blairboy362",
                            "members.21": "Wynndow",
                            "members.22": "andy-paine",
                            "members.23": "tomrosier",
                            "members.24": "bjgill",
                            "members.25": "bravegrape",
                            "members.26": "jstandring-gds",
                            "members.27": "mhussein-gds",
                            "members.28": "adityapahuja",
                            "members.29": "rhowe-gds",
                            "members.3": "issyl0",
                            "members.4": "mrwilson",
                            "members.5": "philandstuff",
                            "members.6": "chrisholmes",
                            "members.7": "Krenair",
                            "members.8": "thomasalanlee",
                            "members.9": "mmhmm",
                            "name": "verify-tech-team-approvers",
                            "permission": "pull",
                            "privacy": "closed",
                            "slug": "verify-tech-team-approvers"
                        },
                        "meta": {},
                        "tainted": false
                    },
                    "deposed": [],
                    "provider": "provider.github"
                },
                "data.github_team.tech_team": {
                    "type": "github_team",
                    "depends_on": [],
                    "primary": {
                        "id": "2830432",
                        "attributes": {
                            "description": "Verify Tech Team",
                            "id": "2830432",
                            "members.#": "30",
                            "members.0": "idrop",
                            "members.1": "46bit",
                            "members.10": "tlwr",
                            "members.11": "kerrr",
                            "members.12": "zilnhoj",
                            "members.13": "Todai88",
                            "members.14": "robinmitra",
                            "members.15": "brenetic",
                            "members.16": "nacnudus",
                            "members.17": "CharlesIC",
                            "members.18": "jkunle",
                            "members.19": "sakisv",
                            "members.2": "galund",
                            "members.20": "stephengrier",
                            "members.21": "ronocg",
                            "members.22": "Rosa-Fox",
                            "members.23": "AnneCarr",
                            "members.24": "ida-build-bot",
                            "members.25": "chrisclayson",
                            "members.26": "smford",
                            "members.27": "blairboy362",
                            "members.28": "Wynndow",
                            "members.29": "andy-paine",
                            "members.3": "issyl0",
                            "members.4": "mrwilson",
                            "members.5": "philandstuff",
                            "members.6": "chrisholmes",
                            "members.7": "Krenair",
                            "members.8": "thomasalanlee",
                            "members.9": "mmhmm",
                            "name": "verify-tech-team",
                            "permission": "pull",
                            "privacy": "closed",
                            "slug": "verify-tech-team"
                        },
                        "meta": {},
                        "tainted": false
                    },
                    "deposed": [],
                    "provider": "provider.github"
                },
                "github_team_membership.team_membership": {
                    "type": "github_team_membership",
                    "depends_on": [],
                    "primary": {
                        "id": "2826127:blairboy362",
                        "attributes": {
                            "etag": "W/\"98593fb07971b25fea827de45dcc3ef4\"",
                            "id": "2826127:blairboy362",
                            "role": "member",
                            "team_id": "2826127",
                            "username": "blairboy362"
                        },
                        "meta": {},
                        "tainted": false
                    },
                    "deposed": [],
                    "provider": "provider.github"
                },
                "github_team_membership.tech_team_approver": {
                    "type": "github_team_membership",
                    "depends_on": [
                        "data.github_team.approvers_team"
                    ],
                    "primary": {
                        "id": "3101758:blairboy362",
                        "attributes": {
                            "etag": "W/\"02eb04f3bf4ff3f55e6389a980d99932\"",
                            "id": "3101758:blairboy362",
                            "role": "member",
                            "team_id": "3101758",
                            "username": "blairboy362"
                        },
                        "meta": {},
                        "tainted": false
                    },
                    "deposed": [],
                    "provider": "provider.github"
                }
            },
            "depends_on": []
        },
        {
            "path": [
                "root",
                "user_bravegrape"
            ],
            "outputs": {},
            "resources": {
                "data.github_team.approvers_team": {
                    "type": "github_team",
                    "depends_on": [],
                    "primary": {
                        "id": "3101758",
                        "attributes": {
                            "description": "Verify tech team: verify-tech-team-approvers",
                            "id": "3101758",
                            "members.#": "30",
                            "members.0": "idrop",
                            "members.1": "46bit",
                            "members.10": "tlwr",
                            "members.11": "kerrr",
                            "members.12": "robinmitra",
                            "members.13": "brenetic",
                            "members.14": "CharlesIC",
                            "members.15": "sakisv",
                            "members.16": "ronocg",
                            "members.17": "Rosa-Fox",
                            "members.18": "chrisclayson",
                            "members.19": "smford",
                            "members.2": "galund",
                            "members.20": "blairboy362",
                            "members.21": "Wynndow",
                            "members.22": "andy-paine",
                            "members.23": "tomrosier",
                            "members.24": "bjgill",
                            "members.25": "bravegrape",
                            "members.26": "jstandring-gds",
                            "members.27": "mhussein-gds",
                            "members.28": "adityapahuja",
                            "members.29": "rhowe-gds",
                            "members.3": "issyl0",
                            "members.4": "mrwilson",
                            "members.5": "philandstuff",
                            "members.6": "chrisholmes",
                            "members.7": "Krenair",
                            "members.8": "thomasalanlee",
                            "members.9": "mmhmm",
                            "name": "verify-tech-team-approvers",
                            "permission": "pull",
                            "privacy": "closed",
                            "slug": "verify-tech-team-approvers"
                        },
                        "meta": {},
                        "tainted": false
                    },
                    "deposed": [],
                    "provider": "provider.github"
                },
                "data.github_team.tech_team": {
                    "type": "github_team",
                    "depends_on": [],
                    "primary": {
                        "id": "2830432",
                        "attributes": {
                            "description": "Verify Tech Team",
                            "id": "2830432",
                            "members.#": "30",
                            "members.0": "idrop",
                            "members.1": "46bit",
                            "members.10": "tlwr",
                            "members.11": "kerrr",
                            "members.12": "zilnhoj",
                            "members.13": "Todai88",
                            "members.14": "robinmitra",
                            "members.15": "brenetic",
                            "members.16": "nacnudus",
                            "members.17": "CharlesIC",
                            "members.18": "jkunle",
                            "members.19": "sakisv",
                            "members.2": "galund",
                            "members.20": "stephengrier",
                            "members.21": "ronocg",
                            "members.22": "Rosa-Fox",
                            "members.23": "AnneCarr",
                            "members.24": "ida-build-bot",
                            "members.25": "chrisclayson",
                            "members.26": "smford",
                            "members.27": "blairboy362",
                            "members.28": "Wynndow",
                            "members.29": "andy-paine",
                            "members.3": "issyl0",
                            "members.4": "mrwilson",
                            "members.5": "philandstuff",
                            "members.6": "chrisholmes",
                            "members.7": "Krenair",
                            "members.8": "thomasalanlee",
                            "members.9": "mmhmm",
                            "name": "verify-tech-team",
                            "permission": "pull",
                            "privacy": "closed",
                            "slug": "verify-tech-team"
                        },
                        "meta": {},
                        "tainted": false
                    },
                    "deposed": [],
                    "provider": "provider.github"
                },
                "github_team_membership.team_membership": {
                    "type": "github_team_membership",
                    "depends_on": [],
                    "primary": {
                        "id": "2826122:bravegrape",
                        "attributes": {
                            "etag": "W/\"0802c1f732bab8224d39d309e03c7c76\"",
                            "id": "2826122:bravegrape",
                            "role": "member",
                            "team_id": "2826122",
                            "username": "bravegrape"
                        },
                        "meta": {},
                        "tainted": false
                    },
                    "deposed": [],
                    "provider": "provider.github"
                },
                "github_team_membership.tech_team_approver": {
                    "type": "github_team_membership",
                    "depends_on": [
                        "data.github_team.approvers_team"
                    ],
                    "primary": {
                        "id": "3101758:bravegrape",
                        "attributes": {
                            "etag": "W/\"bfc3dc1859a8758fbb1049dff3b9822d\"",
                            "id": "3101758:bravegrape",
                            "role": "member",
                            "team_id": "3101758",
                            "username": "bravegrape"
                        },
                        "meta": {},
                        "tainted": false
                    },
                    "deposed": [],
                    "provider": "provider.github"
                }
            },
            "depends_on": []
        },
        {
            "path": [
                "root",
                "user_brenetic"
            ],
            "outputs": {},
            "resources": {
                "data.github_team.approvers_team": {
                    "type": "github_team",
                    "depends_on": [],
                    "primary": {
                        "id": "3101758",
                        "attributes": {
                            "description": "Verify tech team: verify-tech-team-approvers",
                            "id": "3101758",
                            "members.#": "30",
                            "members.0": "idrop",
                            "members.1": "46bit",
                            "members.10": "tlwr",
                            "members.11": "kerrr",
                            "members.12": "robinmitra",
                            "members.13": "brenetic",
                            "members.14": "CharlesIC",
                            "members.15": "sakisv",
                            "members.16": "ronocg",
                            "members.17": "Rosa-Fox",
                            "members.18": "chrisclayson",
                            "members.19": "smford",
                            "members.2": "galund",
                            "members.20": "blairboy362",
                            "members.21": "Wynndow",
                            "members.22": "andy-paine",
                            "members.23": "tomrosier",
                            "members.24": "bjgill",
                            "members.25": "bravegrape",
                            "members.26": "jstandring-gds",
                            "members.27": "mhussein-gds",
                            "members.28": "adityapahuja",
                            "members.29": "rhowe-gds",
                            "members.3": "issyl0",
                            "members.4": "mrwilson",
                            "members.5": "philandstuff",
                            "members.6": "chrisholmes",
                            "members.7": "Krenair",
                            "members.8": "thomasalanlee",
                            "members.9": "mmhmm",
                            "name": "verify-tech-team-approvers",
                            "permission": "pull",
                            "privacy": "closed",
                            "slug": "verify-tech-team-approvers"
                        },
                        "meta": {},
                        "tainted": false
                    },
                    "deposed": [],
                    "provider": "provider.github"
                },
                "data.github_team.tech_team": {
                    "type": "github_team",
                    "depends_on": [],
                    "primary": {
                        "id": "2830432",
                        "attributes": {
                            "description": "Verify Tech Team",
                            "id": "2830432",
                            "members.#": "30",
                            "members.0": "idrop",
                            "members.1": "46bit",
                            "members.10": "tlwr",
                            "members.11": "kerrr",
                            "members.12": "zilnhoj",
                            "members.13": "Todai88",
                            "members.14": "robinmitra",
                            "members.15": "brenetic",
                            "members.16": "nacnudus",
                            "members.17": "CharlesIC",
                            "members.18": "jkunle",
                            "members.19": "sakisv",
                            "members.2": "galund",
                            "members.20": "stephengrier",
                            "members.21": "ronocg",
                            "members.22": "Rosa-Fox",
                            "members.23": "AnneCarr",
                            "members.24": "ida-build-bot",
                            "members.25": "chrisclayson",
                            "members.26": "smford",
                            "members.27": "blairboy362",
                            "members.28": "Wynndow",
                            "members.29": "andy-paine",
                            "members.3": "issyl0",
                            "members.4": "mrwilson",
                            "members.5": "philandstuff",
                            "members.6": "chrisholmes",
                            "members.7": "Krenair",
                            "members.8": "thomasalanlee",
                            "members.9": "mmhmm",
                            "name": "verify-tech-team",
                            "permission": "pull",
                            "privacy": "closed",
                            "slug": "verify-tech-team"
                        },
                        "meta": {},
                        "tainted": false
                    },
                    "deposed": [],
                    "provider": "provider.github"
                },
                "github_team_membership.team_membership": {
                    "type": "github_team_membership",
                    "depends_on": [],
                    "primary": {
                        "id": "2826122:brenetic",
                        "attributes": {
                            "etag": "W/\"c6aa68abacf078889839092461c26695\"",
                            "id": "2826122:brenetic",
                            "role": "maintainer",
                            "team_id": "2826122",
                            "username": "brenetic"
                        },
                        "meta": {},
                        "tainted": false
                    },
                    "deposed": [],
                    "provider": "provider.github"
                },
                "github_team_membership.tech_team_approver": {
                    "type": "github_team_membership",
                    "depends_on": [
                        "data.github_team.approvers_team"
                    ],
                    "primary": {
                        "id": "3101758:brenetic",
                        "attributes": {
                            "etag": "W/\"5a9b16e6f6b506482e1f9da119f966dd\"",
                            "id": "3101758:brenetic",
                            "role": "member",
                            "team_id": "3101758",
                            "username": "brenetic"
                        },
                        "meta": {},
                        "tainted": false
                    },
                    "deposed": [],
                    "provider": "provider.github"
                },
                "github_team_membership.tech_team_maintainer": {
                    "type": "github_team_membership",
                    "depends_on": [
                        "data.github_team.tech_team"
                    ],
                    "primary": {
                        "id": "2830432:brenetic",
                        "attributes": {
                            "etag": "W/\"1ff612ba981dc16fb923f045d8d20984\"",
                            "id": "2830432:brenetic",
                            "role": "maintainer",
                            "team_id": "2830432",
                            "username": "brenetic"
                        },
                        "meta": {},
                        "tainted": false
                    },
                    "deposed": [],
                    "provider": "provider.github"
                }
            },
            "depends_on": []
        },
        {
            "path": [
                "root",
                "user_charlesic"
            ],
            "outputs": {},
            "resources": {
                "data.github_team.approvers_team": {
                    "type": "github_team",
                    "depends_on": [],
                    "primary": {
                        "id": "3101758",
                        "attributes": {
                            "description": "Verify tech team: verify-tech-team-approvers",
                            "id": "3101758",
                            "members.#": "30",
                            "members.0": "idrop",
                            "members.1": "46bit",
                            "members.10": "tlwr",
                            "members.11": "kerrr",
                            "members.12": "robinmitra",
                            "members.13": "brenetic",
                            "members.14": "CharlesIC",
                            "members.15": "sakisv",
                            "members.16": "ronocg",
                            "members.17": "Rosa-Fox",
                            "members.18": "chrisclayson",
                            "members.19": "smford",
                            "members.2": "galund",
                            "members.20": "blairboy362",
                            "members.21": "Wynndow",
                            "members.22": "andy-paine",
                            "members.23": "tomrosier",
                            "members.24": "bjgill",
                            "members.25": "bravegrape",
                            "members.26": "jstandring-gds",
                            "members.27": "mhussein-gds",
                            "members.28": "adityapahuja",
                            "members.29": "rhowe-gds",
                            "members.3": "issyl0",
                            "members.4": "mrwilson",
                            "members.5": "philandstuff",
                            "members.6": "chrisholmes",
                            "members.7": "Krenair",
                            "members.8": "thomasalanlee",
                            "members.9": "mmhmm",
                            "name": "verify-tech-team-approvers",
                            "permission": "pull",
                            "privacy": "closed",
                            "slug": "verify-tech-team-approvers"
                        },
                        "meta": {},
                        "tainted": false
                    },
                    "deposed": [],
                    "provider": "provider.github"
                },
                "data.github_team.tech_team": {
                    "type": "github_team",
                    "depends_on": [],
                    "primary": {
                        "id": "2830432",
                        "attributes": {
                            "description": "Verify Tech Team",
                            "id": "2830432",
                            "members.#": "30",
                            "members.0": "idrop",
                            "members.1": "46bit",
                            "members.10": "tlwr",
                            "members.11": "kerrr",
                            "members.12": "zilnhoj",
                            "members.13": "Todai88",
                            "members.14": "robinmitra",
                            "members.15": "brenetic",
                            "members.16": "nacnudus",
                            "members.17": "CharlesIC",
                            "members.18": "jkunle",
                            "members.19": "sakisv",
                            "members.2": "galund",
                            "members.20": "stephengrier",
                            "members.21": "ronocg",
                            "members.22": "Rosa-Fox",
                            "members.23": "AnneCarr",
                            "members.24": "ida-build-bot",
                            "members.25": "chrisclayson",
                            "members.26": "smford",
                            "members.27": "blairboy362",
                            "members.28": "Wynndow",
                            "members.29": "andy-paine",
                            "members.3": "issyl0",
                            "members.4": "mrwilson",
                            "members.5": "philandstuff",
                            "members.6": "chrisholmes",
                            "members.7": "Krenair",
                            "members.8": "thomasalanlee",
                            "members.9": "mmhmm",
                            "name": "verify-tech-team",
                            "permission": "pull",
                            "privacy": "closed",
                            "slug": "verify-tech-team"
                        },
                        "meta": {},
                        "tainted": false
                    },
                    "deposed": [],
                    "provider": "provider.github"
                },
                "github_team_membership.team_membership.0": {
                    "type": "github_team_membership",
                    "depends_on": [],
                    "primary": {
                        "id": "2826122:CharlesIC",
                        "attributes": {
                            "etag": "W/\"95bd506fc65e9f2e7b64219d05c1dd19\"",
                            "id": "2826122:CharlesIC",
                            "role": "maintainer",
                            "team_id": "2826122",
                            "username": "CharlesIC"
                        },
                        "meta": {},
                        "tainted": false
                    },
                    "deposed": [],
                    "provider": "provider.github"
                },
                "github_team_membership.team_membership.1": {
                    "type": "github_team_membership",
                    "depends_on": [],
                    "primary": {
                        "id": "2826126:CharlesIC",
                        "attributes": {
                            "etag": "W/\"310ca476279de97d98f810d2d7b24685\"",
                            "id": "2826126:CharlesIC",
                            "role": "maintainer",
                            "team_id": "2826126",
                            "username": "CharlesIC"
                        },
                        "meta": {},
                        "tainted": false
                    },
                    "deposed": [],
                    "provider": "provider.github"
                },
                "github_team_membership.tech_team_approver": {
                    "type": "github_team_membership",
                    "depends_on": [
                        "data.github_team.approvers_team"
                    ],
                    "primary": {
                        "id": "3101758:CharlesIC",
                        "attributes": {
                            "etag": "W/\"86e37bb758f06d445e3a27aaebb5e94c\"",
                            "id": "3101758:CharlesIC",
                            "role": "member",
                            "team_id": "3101758",
                            "username": "CharlesIC"
                        },
                        "meta": {},
                        "tainted": false
                    },
                    "deposed": [],
                    "provider": "provider.github"
                },
                "github_team_membership.tech_team_maintainer": {
                    "type": "github_team_membership",
                    "depends_on": [
                        "data.github_team.tech_team"
                    ],
                    "primary": {
                        "id": "2830432:CharlesIC",
                        "attributes": {
                            "etag": "W/\"82299e05e4e843a793a2a51df0949bb6\"",
                            "id": "2830432:CharlesIC",
                            "role": "maintainer",
                            "team_id": "2830432",
                            "username": "CharlesIC"
                        },
                        "meta": {},
                        "tainted": false
                    },
                    "deposed": [],
                    "provider": "provider.github"
                }
            },
            "depends_on": []
        },
        {
            "path": [
                "root",
                "user_chris_wynne"
            ],
            "outputs": {},
            "resources": {
                "data.github_team.approvers_team": {
                    "type": "github_team",
                    "depends_on": [],
                    "primary": {
                        "id": "3101758",
                        "attributes": {
                            "description": "Verify tech team: verify-tech-team-approvers",
                            "id": "3101758",
                            "members.#": "30",
                            "members.0": "idrop",
                            "members.1": "46bit",
                            "members.10": "tlwr",
                            "members.11": "kerrr",
                            "members.12": "robinmitra",
                            "members.13": "brenetic",
                            "members.14": "CharlesIC",
                            "members.15": "sakisv",
                            "members.16": "ronocg",
                            "members.17": "Rosa-Fox",
                            "members.18": "chrisclayson",
                            "members.19": "smford",
                            "members.2": "galund",
                            "members.20": "blairboy362",
                            "members.21": "Wynndow",
                            "members.22": "andy-paine",
                            "members.23": "tomrosier",
                            "members.24": "bjgill",
                            "members.25": "bravegrape",
                            "members.26": "jstandring-gds",
                            "members.27": "mhussein-gds",
                            "members.28": "adityapahuja",
                            "members.29": "rhowe-gds",
                            "members.3": "issyl0",
                            "members.4": "mrwilson",
                            "members.5": "philandstuff",
                            "members.6": "chrisholmes",
                            "members.7": "Krenair",
                            "members.8": "thomasalanlee",
                            "members.9": "mmhmm",
                            "name": "verify-tech-team-approvers",
                            "permission": "pull",
                            "privacy": "closed",
                            "slug": "verify-tech-team-approvers"
                        },
                        "meta": {},
                        "tainted": false
                    },
                    "deposed": [],
                    "provider": "provider.github"
                },
                "data.github_team.tech_team": {
                    "type": "github_team",
                    "depends_on": [],
                    "primary": {
                        "id": "2830432",
                        "attributes": {
                            "description": "Verify Tech Team",
                            "id": "2830432",
                            "members.#": "30",
                            "members.0": "idrop",
                            "members.1": "46bit",
                            "members.10": "tlwr",
                            "members.11": "kerrr",
                            "members.12": "zilnhoj",
                            "members.13": "Todai88",
                            "members.14": "robinmitra",
                            "members.15": "brenetic",
                            "members.16": "nacnudus",
                            "members.17": "CharlesIC",
                            "members.18": "jkunle",
                            "members.19": "sakisv",
                            "members.2": "galund",
                            "members.20": "stephengrier",
                            "members.21": "ronocg",
                            "members.22": "Rosa-Fox",
                            "members.23": "AnneCarr",
                            "members.24": "ida-build-bot",
                            "members.25": "chrisclayson",
                            "members.26": "smford",
                            "members.27": "blairboy362",
                            "members.28": "Wynndow",
                            "members.29": "andy-paine",
                            "members.3": "issyl0",
                            "members.4": "mrwilson",
                            "members.5": "philandstuff",
                            "members.6": "chrisholmes",
                            "members.7": "Krenair",
                            "members.8": "thomasalanlee",
                            "members.9": "mmhmm",
                            "name": "verify-tech-team",
                            "permission": "pull",
                            "privacy": "closed",
                            "slug": "verify-tech-team"
                        },
                        "meta": {},
                        "tainted": false
                    },
                    "deposed": [],
                    "provider": "provider.github"
                },
                "github_team_membership.team_membership.0": {
                    "type": "github_team_membership",
                    "depends_on": [],
                    "primary": {
                        "id": "2826122:Wynndow",
                        "attributes": {
                            "etag": "W/\"13ec937f649fb8742a172e3296755616\"",
                            "id": "2826122:Wynndow",
                            "role": "member",
                            "team_id": "2826122",
                            "username": "Wynndow"
                        },
                        "meta": {},
                        "tainted": false
                    },
                    "deposed": [],
                    "provider": "provider.github"
                },
                "github_team_membership.team_membership.1": {
                    "type": "github_team_membership",
                    "depends_on": [],
                    "primary": {
                        "id": "2826126:Wynndow",
                        "attributes": {
                            "etag": "W/\"48fe0c3b54925e799ebab9e83ba9440d\"",
                            "id": "2826126:Wynndow",
                            "role": "member",
                            "team_id": "2826126",
                            "username": "Wynndow"
                        },
                        "meta": {},
                        "tainted": false
                    },
                    "deposed": [],
                    "provider": "provider.github"
                },
                "github_team_membership.tech_team_approver": {
                    "type": "github_team_membership",
                    "depends_on": [
                        "data.github_team.approvers_team"
                    ],
                    "primary": {
                        "id": "3101758:Wynndow",
                        "attributes": {
                            "etag": "W/\"4a1104a1652005d292f98fd4bd6e7725\"",
                            "id": "3101758:Wynndow",
                            "role": "member",
                            "team_id": "3101758",
                            "username": "Wynndow"
                        },
                        "meta": {},
                        "tainted": false
                    },
                    "deposed": [],
                    "provider": "provider.github"
                }
            },
            "depends_on": []
        },
        {
            "path": [
                "root",
                "user_chrisclayson"
            ],
            "outputs": {},
            "resources": {
                "data.github_team.approvers_team": {
                    "type": "github_team",
                    "depends_on": [],
                    "primary": {
                        "id": "3101758",
                        "attributes": {
                            "description": "Verify tech team: verify-tech-team-approvers",
                            "id": "3101758",
                            "members.#": "30",
                            "members.0": "idrop",
                            "members.1": "46bit",
                            "members.10": "tlwr",
                            "members.11": "kerrr",
                            "members.12": "robinmitra",
                            "members.13": "brenetic",
                            "members.14": "CharlesIC",
                            "members.15": "sakisv",
                            "members.16": "ronocg",
                            "members.17": "Rosa-Fox",
                            "members.18": "chrisclayson",
                            "members.19": "smford",
                            "members.2": "galund",
                            "members.20": "blairboy362",
                            "members.21": "Wynndow",
                            "members.22": "andy-paine",
                            "members.23": "tomrosier",
                            "members.24": "bjgill",
                            "members.25": "bravegrape",
                            "members.26": "jstandring-gds",
                            "members.27": "mhussein-gds",
                            "members.28": "adityapahuja",
                            "members.29": "rhowe-gds",
                            "members.3": "issyl0",
                            "members.4": "mrwilson",
                            "members.5": "philandstuff",
                            "members.6": "chrisholmes",
                            "members.7": "Krenair",
                            "members.8": "thomasalanlee",
                            "members.9": "mmhmm",
                            "name": "verify-tech-team-approvers",
                            "permission": "pull",
                            "privacy": "closed",
                            "slug": "verify-tech-team-approvers"
                        },
                        "meta": {},
                        "tainted": false
                    },
                    "deposed": [],
                    "provider": "provider.github"
                },
                "data.github_team.tech_team": {
                    "type": "github_team",
                    "depends_on": [],
                    "primary": {
                        "id": "2830432",
                        "attributes": {
                            "description": "Verify Tech Team",
                            "id": "2830432",
                            "members.#": "30",
                            "members.0": "idrop",
                            "members.1": "46bit",
                            "members.10": "tlwr",
                            "members.11": "kerrr",
                            "members.12": "zilnhoj",
                            "members.13": "Todai88",
                            "members.14": "robinmitra",
                            "members.15": "brenetic",
                            "members.16": "nacnudus",
                            "members.17": "CharlesIC",
                            "members.18": "jkunle",
                            "members.19": "sakisv",
                            "members.2": "galund",
                            "members.20": "stephengrier",
                            "members.21": "ronocg",
                            "members.22": "Rosa-Fox",
                            "members.23": "AnneCarr",
                            "members.24": "ida-build-bot",
                            "members.25": "chrisclayson",
                            "members.26": "smford",
                            "members.27": "blairboy362",
                            "members.28": "Wynndow",
                            "members.29": "andy-paine",
                            "members.3": "issyl0",
                            "members.4": "mrwilson",
                            "members.5": "philandstuff",
                            "members.6": "chrisholmes",
                            "members.7": "Krenair",
                            "members.8": "thomasalanlee",
                            "members.9": "mmhmm",
                            "name": "verify-tech-team",
                            "permission": "pull",
                            "privacy": "closed",
                            "slug": "verify-tech-team"
                        },
                        "meta": {},
                        "tainted": false
                    },
                    "deposed": [],
                    "provider": "provider.github"
                },
                "github_team_membership.team_membership": {
                    "type": "github_team_membership",
                    "depends_on": [],
                    "primary": {
                        "id": "2826122:chrisclayson",
                        "attributes": {
                            "etag": "W/\"7b7cca4e2918b27139390483dbf2b76b\"",
                            "id": "2826122:chrisclayson",
                            "role": "member",
                            "team_id": "2826122",
                            "username": "chrisclayson"
                        },
                        "meta": {},
                        "tainted": false
                    },
                    "deposed": [],
                    "provider": "provider.github"
                },
                "github_team_membership.tech_team_approver": {
                    "type": "github_team_membership",
                    "depends_on": [
                        "data.github_team.approvers_team"
                    ],
                    "primary": {
                        "id": "3101758:chrisclayson",
                        "attributes": {
                            "etag": "W/\"02b64d9812b45e2a034154954953d3aa\"",
                            "id": "3101758:chrisclayson",
                            "role": "member",
                            "team_id": "3101758",
                            "username": "chrisclayson"
                        },
                        "meta": {},
                        "tainted": false
                    },
                    "deposed": [],
                    "provider": "provider.github"
                }
            },
            "depends_on": []
        },
        {
            "path": [
                "root",
                "user_chrisholmes"
            ],
            "outputs": {},
            "resources": {
                "data.github_team.approvers_team": {
                    "type": "github_team",
                    "depends_on": [],
                    "primary": {
                        "id": "3101758",
                        "attributes": {
                            "description": "Verify tech team: verify-tech-team-approvers",
                            "id": "3101758",
                            "members.#": "30",
                            "members.0": "idrop",
                            "members.1": "46bit",
                            "members.10": "tlwr",
                            "members.11": "kerrr",
                            "members.12": "robinmitra",
                            "members.13": "brenetic",
                            "members.14": "CharlesIC",
                            "members.15": "sakisv",
                            "members.16": "ronocg",
                            "members.17": "Rosa-Fox",
                            "members.18": "chrisclayson",
                            "members.19": "smford",
                            "members.2": "galund",
                            "members.20": "blairboy362",
                            "members.21": "Wynndow",
                            "members.22": "andy-paine",
                            "members.23": "tomrosier",
                            "members.24": "bjgill",
                            "members.25": "bravegrape",
                            "members.26": "jstandring-gds",
                            "members.27": "mhussein-gds",
                            "members.28": "adityapahuja",
                            "members.29": "rhowe-gds",
                            "members.3": "issyl0",
                            "members.4": "mrwilson",
                            "members.5": "philandstuff",
                            "members.6": "chrisholmes",
                            "members.7": "Krenair",
                            "members.8": "thomasalanlee",
                            "members.9": "mmhmm",
                            "name": "verify-tech-team-approvers",
                            "permission": "pull",
                            "privacy": "closed",
                            "slug": "verify-tech-team-approvers"
                        },
                        "meta": {},
                        "tainted": false
                    },
                    "deposed": [],
                    "provider": "provider.github"
                },
                "data.github_team.tech_team": {
                    "type": "github_team",
                    "depends_on": [],
                    "primary": {
                        "id": "2830432",
                        "attributes": {
                            "description": "Verify Tech Team",
                            "id": "2830432",
                            "members.#": "30",
                            "members.0": "idrop",
                            "members.1": "46bit",
                            "members.10": "tlwr",
                            "members.11": "kerrr",
                            "members.12": "zilnhoj",
                            "members.13": "Todai88",
                            "members.14": "robinmitra",
                            "members.15": "brenetic",
                            "members.16": "nacnudus",
                            "members.17": "CharlesIC",
                            "members.18": "jkunle",
                            "members.19": "sakisv",
                            "members.2": "galund",
                            "members.20": "stephengrier",
                            "members.21": "ronocg",
                            "members.22": "Rosa-Fox",
                            "members.23": "AnneCarr",
                            "members.24": "ida-build-bot",
                            "members.25": "chrisclayson",
                            "members.26": "smford",
                            "members.27": "blairboy362",
                            "members.28": "Wynndow",
                            "members.29": "andy-paine",
                            "members.3": "issyl0",
                            "members.4": "mrwilson",
                            "members.5": "philandstuff",
                            "members.6": "chrisholmes",
                            "members.7": "Krenair",
                            "members.8": "thomasalanlee",
                            "members.9": "mmhmm",
                            "name": "verify-tech-team",
                            "permission": "pull",
                            "privacy": "closed",
                            "slug": "verify-tech-team"
                        },
                        "meta": {},
                        "tainted": false
                    },
                    "deposed": [],
                    "provider": "provider.github"
                },
                "github_team_membership.team_membership.0": {
                    "type": "github_team_membership",
                    "depends_on": [],
                    "primary": {
                        "id": "2826122:chrisholmes",
                        "attributes": {
                            "etag": "W/\"193b23bdf8458a8368334adf7ff13bfa\"",
                            "id": "2826122:chrisholmes",
                            "role": "maintainer",
                            "team_id": "2826122",
                            "username": "chrisholmes"
                        },
                        "meta": {},
                        "tainted": false
                    },
                    "deposed": [],
                    "provider": "provider.github"
                },
                "github_team_membership.team_membership.1": {
                    "type": "github_team_membership",
                    "depends_on": [],
                    "primary": {
                        "id": "2826126:chrisholmes",
                        "attributes": {
                            "etag": "W/\"22a4043cb6941c80224a77b085482739\"",
                            "id": "2826126:chrisholmes",
                            "role": "maintainer",
                            "team_id": "2826126",
                            "username": "chrisholmes"
                        },
                        "meta": {},
                        "tainted": false
                    },
                    "deposed": [],
                    "provider": "provider.github"
                },
                "github_team_membership.team_membership.2": {
                    "type": "github_team_membership",
                    "depends_on": [],
                    "primary": {
                        "id": "2826127:chrisholmes",
                        "attributes": {
                            "etag": "W/\"eb3e7a8e3956524794cdf5ab7be200ee\"",
                            "id": "2826127:chrisholmes",
                            "role": "maintainer",
                            "team_id": "2826127",
                            "username": "chrisholmes"
                        },
                        "meta": {},
                        "tainted": false
                    },
                    "deposed": [],
                    "provider": "provider.github"
                },
                "github_team_membership.tech_team_approver": {
                    "type": "github_team_membership",
                    "depends_on": [
                        "data.github_team.approvers_team"
                    ],
                    "primary": {
                        "id": "3101758:chrisholmes",
                        "attributes": {
                            "etag": "W/\"c780bb7c4e95be8b6386848dba5e22fc\"",
                            "id": "3101758:chrisholmes",
                            "role": "member",
                            "team_id": "3101758",
                            "username": "chrisholmes"
                        },
                        "meta": {},
                        "tainted": false
                    },
                    "deposed": [],
                    "provider": "provider.github"
                },
                "github_team_membership.tech_team_maintainer": {
                    "type": "github_team_membership",
                    "depends_on": [
                        "data.github_team.tech_team"
                    ],
                    "primary": {
                        "id": "2830432:chrisholmes",
                        "attributes": {
                            "etag": "W/\"4ab8f83d9c12805d139dfb15cc6ea2ca\"",
                            "id": "2830432:chrisholmes",
                            "role": "maintainer",
                            "team_id": "2830432",
                            "username": "chrisholmes"
                        },
                        "meta": {},
                        "tainted": false
                    },
                    "deposed": [],
                    "provider": "provider.github"
                }
            },
            "depends_on": []
        },
        {
            "path": [
                "root",
                "user_coleni"
            ],
            "outputs": {},
            "resources": {
                "data.github_team.approvers_team": {
                    "type": "github_team",
                    "depends_on": [],
                    "primary": {
                        "id": "3101758",
                        "attributes": {
                            "description": "Verify tech team: verify-tech-team-approvers",
                            "id": "3101758",
                            "members.#": "30",
                            "members.0": "idrop",
                            "members.1": "46bit",
                            "members.10": "tlwr",
                            "members.11": "kerrr",
                            "members.12": "robinmitra",
                            "members.13": "brenetic",
                            "members.14": "CharlesIC",
                            "members.15": "sakisv",
                            "members.16": "ronocg",
                            "members.17": "Rosa-Fox",
                            "members.18": "chrisclayson",
                            "members.19": "smford",
                            "members.2": "galund",
                            "members.20": "blairboy362",
                            "members.21": "Wynndow",
                            "members.22": "andy-paine",
                            "members.23": "tomrosier",
                            "members.24": "bjgill",
                            "members.25": "bravegrape",
                            "members.26": "jstandring-gds",
                            "members.27": "mhussein-gds",
                            "members.28": "adityapahuja",
                            "members.29": "rhowe-gds",
                            "members.3": "issyl0",
                            "members.4": "mrwilson",
                            "members.5": "philandstuff",
                            "members.6": "chrisholmes",
                            "members.7": "Krenair",
                            "members.8": "thomasalanlee",
                            "members.9": "mmhmm",
                            "name": "verify-tech-team-approvers",
                            "permission": "pull",
                            "privacy": "closed",
                            "slug": "verify-tech-team-approvers"
                        },
                        "meta": {},
                        "tainted": false
                    },
                    "deposed": [],
                    "provider": "provider.github"
                },
                "data.github_team.tech_team": {
                    "type": "github_team",
                    "depends_on": [],
                    "primary": {
                        "id": "2830432",
                        "attributes": {
                            "description": "Verify Tech Team",
                            "id": "2830432",
                            "members.#": "30",
                            "members.0": "idrop",
                            "members.1": "46bit",
                            "members.10": "tlwr",
                            "members.11": "kerrr",
                            "members.12": "zilnhoj",
                            "members.13": "Todai88",
                            "members.14": "robinmitra",
                            "members.15": "brenetic",
                            "members.16": "nacnudus",
                            "members.17": "CharlesIC",
                            "members.18": "jkunle",
                            "members.19": "sakisv",
                            "members.2": "galund",
                            "members.20": "stephengrier",
                            "members.21": "ronocg",
                            "members.22": "Rosa-Fox",
                            "members.23": "AnneCarr",
                            "members.24": "ida-build-bot",
                            "members.25": "chrisclayson",
                            "members.26": "smford",
                            "members.27": "blairboy362",
                            "members.28": "Wynndow",
                            "members.29": "andy-paine",
                            "members.3": "issyl0",
                            "members.4": "mrwilson",
                            "members.5": "philandstuff",
                            "members.6": "chrisholmes",
                            "members.7": "Krenair",
                            "members.8": "thomasalanlee",
                            "members.9": "mmhmm",
                            "name": "verify-tech-team",
                            "permission": "pull",
                            "privacy": "closed",
                            "slug": "verify-tech-team"
                        },
                        "meta": {},
                        "tainted": false
                    },
                    "deposed": [],
                    "provider": "provider.github"
                },
                "github_team_membership.team_membership": {
                    "type": "github_team_membership",
                    "depends_on": [],
                    "primary": {
                        "id": "2826122:coleni",
                        "attributes": {
                            "etag": "W/\"dbf562972f4117463691f864edb52e41\"",
                            "id": "2826122:coleni",
                            "role": "member",
                            "team_id": "2826122",
                            "username": "coleni"
                        },
                        "meta": {},
                        "tainted": false
                    },
                    "deposed": [],
                    "provider": "provider.github"
                }
            },
            "depends_on": []
        },
        {
            "path": [
                "root",
                "user_danielblair"
            ],
            "outputs": {},
            "resources": {
                "data.github_team.approvers_team": {
                    "type": "github_team",
                    "depends_on": [],
                    "primary": {
                        "id": "3101758",
                        "attributes": {
                            "description": "Verify tech team: verify-tech-team-approvers",
                            "id": "3101758",
                            "members.#": "30",
                            "members.0": "idrop",
                            "members.1": "46bit",
                            "members.10": "tlwr",
                            "members.11": "kerrr",
                            "members.12": "robinmitra",
                            "members.13": "brenetic",
                            "members.14": "CharlesIC",
                            "members.15": "sakisv",
                            "members.16": "ronocg",
                            "members.17": "Rosa-Fox",
                            "members.18": "chrisclayson",
                            "members.19": "smford",
                            "members.2": "galund",
                            "members.20": "blairboy362",
                            "members.21": "Wynndow",
                            "members.22": "andy-paine",
                            "members.23": "tomrosier",
                            "members.24": "bjgill",
                            "members.25": "bravegrape",
                            "members.26": "jstandring-gds",
                            "members.27": "mhussein-gds",
                            "members.28": "adityapahuja",
                            "members.29": "rhowe-gds",
                            "members.3": "issyl0",
                            "members.4": "mrwilson",
                            "members.5": "philandstuff",
                            "members.6": "chrisholmes",
                            "members.7": "Krenair",
                            "members.8": "thomasalanlee",
                            "members.9": "mmhmm",
                            "name": "verify-tech-team-approvers",
                            "permission": "pull",
                            "privacy": "closed",
                            "slug": "verify-tech-team-approvers"
                        },
                        "meta": {},
                        "tainted": false
                    },
                    "deposed": [],
                    "provider": "provider.github"
                },
                "data.github_team.tech_team": {
                    "type": "github_team",
                    "depends_on": [],
                    "primary": {
                        "id": "2830432",
                        "attributes": {
                            "description": "Verify Tech Team",
                            "id": "2830432",
                            "members.#": "30",
                            "members.0": "idrop",
                            "members.1": "46bit",
                            "members.10": "tlwr",
                            "members.11": "kerrr",
                            "members.12": "zilnhoj",
                            "members.13": "Todai88",
                            "members.14": "robinmitra",
                            "members.15": "brenetic",
                            "members.16": "nacnudus",
                            "members.17": "CharlesIC",
                            "members.18": "jkunle",
                            "members.19": "sakisv",
                            "members.2": "galund",
                            "members.20": "stephengrier",
                            "members.21": "ronocg",
                            "members.22": "Rosa-Fox",
                            "members.23": "AnneCarr",
                            "members.24": "ida-build-bot",
                            "members.25": "chrisclayson",
                            "members.26": "smford",
                            "members.27": "blairboy362",
                            "members.28": "Wynndow",
                            "members.29": "andy-paine",
                            "members.3": "issyl0",
                            "members.4": "mrwilson",
                            "members.5": "philandstuff",
                            "members.6": "chrisholmes",
                            "members.7": "Krenair",
                            "members.8": "thomasalanlee",
                            "members.9": "mmhmm",
                            "name": "verify-tech-team",
                            "permission": "pull",
                            "privacy": "closed",
                            "slug": "verify-tech-team"
                        },
                        "meta": {},
                        "tainted": false
                    },
                    "deposed": [],
                    "provider": "provider.github"
                },
                "github_team_membership.team_membership.0": {
                    "type": "github_team_membership",
                    "depends_on": [],
                    "primary": {
                        "id": "2826122:blairboy362",
                        "attributes": {
                            "etag": "W/\"8ee05872eb752aaaf1df9f7977477600\"",
                            "id": "2826122:blairboy362",
                            "role": "member",
                            "team_id": "2826122",
                            "username": "blairboy362"
                        },
                        "meta": {},
                        "tainted": false
                    },
                    "deposed": [],
                    "provider": "provider.github"
                },
                "github_team_membership.team_membership.1": {
                    "type": "github_team_membership",
                    "depends_on": [],
                    "primary": {
                        "id": "2826126:blairboy362",
                        "attributes": {
                            "etag": "W/\"06a7b06b033c2ff28aad3aeacc1713d8\"",
                            "id": "2826126:blairboy362",
                            "role": "member",
                            "team_id": "2826126",
                            "username": "blairboy362"
                        },
                        "meta": {},
                        "tainted": false
                    },
                    "deposed": [],
                    "provider": "provider.github"
                },
                "github_team_membership.tech_team_approver": {
                    "type": "github_team_membership",
                    "depends_on": [
                        "data.github_team.approvers_team"
                    ],
                    "primary": {
                        "id": "3101758:blairboy362",
                        "attributes": {
                            "etag": "W/\"02eb04f3bf4ff3f55e6389a980d99932\"",
                            "id": "3101758:blairboy362",
                            "role": "member",
                            "team_id": "3101758",
                            "username": "blairboy362"
                        },
                        "meta": {},
                        "tainted": false
                    },
                    "deposed": [],
                    "provider": "provider.github"
                }
            },
            "depends_on": []
        },
        {
            "path": [
                "root",
                "user_dbes_gds"
            ],
            "outputs": {},
            "resources": {
                "data.github_team.approvers_team": {
                    "type": "github_team",
                    "depends_on": [],
                    "primary": {
                        "id": "3101758",
                        "attributes": {
                            "description": "Verify tech team: verify-tech-team-approvers",
                            "id": "3101758",
                            "members.#": "30",
                            "members.0": "idrop",
                            "members.1": "46bit",
                            "members.10": "tlwr",
                            "members.11": "kerrr",
                            "members.12": "robinmitra",
                            "members.13": "brenetic",
                            "members.14": "CharlesIC",
                            "members.15": "sakisv",
                            "members.16": "ronocg",
                            "members.17": "Rosa-Fox",
                            "members.18": "chrisclayson",
                            "members.19": "smford",
                            "members.2": "galund",
                            "members.20": "blairboy362",
                            "members.21": "Wynndow",
                            "members.22": "andy-paine",
                            "members.23": "tomrosier",
                            "members.24": "bjgill",
                            "members.25": "bravegrape",
                            "members.26": "jstandring-gds",
                            "members.27": "mhussein-gds",
                            "members.28": "adityapahuja",
                            "members.29": "rhowe-gds",
                            "members.3": "issyl0",
                            "members.4": "mrwilson",
                            "members.5": "philandstuff",
                            "members.6": "chrisholmes",
                            "members.7": "Krenair",
                            "members.8": "thomasalanlee",
                            "members.9": "mmhmm",
                            "name": "verify-tech-team-approvers",
                            "permission": "pull",
                            "privacy": "closed",
                            "slug": "verify-tech-team-approvers"
                        },
                        "meta": {},
                        "tainted": false
                    },
                    "deposed": [],
                    "provider": "provider.github"
                },
                "data.github_team.tech_team": {
                    "type": "github_team",
                    "depends_on": [],
                    "primary": {
                        "id": "2830432",
                        "attributes": {
                            "description": "Verify Tech Team",
                            "id": "2830432",
                            "members.#": "30",
                            "members.0": "idrop",
                            "members.1": "46bit",
                            "members.10": "tlwr",
                            "members.11": "kerrr",
                            "members.12": "zilnhoj",
                            "members.13": "Todai88",
                            "members.14": "robinmitra",
                            "members.15": "brenetic",
                            "members.16": "nacnudus",
                            "members.17": "CharlesIC",
                            "members.18": "jkunle",
                            "members.19": "sakisv",
                            "members.2": "galund",
                            "members.20": "stephengrier",
                            "members.21": "ronocg",
                            "members.22": "Rosa-Fox",
                            "members.23": "AnneCarr",
                            "members.24": "ida-build-bot",
                            "members.25": "chrisclayson",
                            "members.26": "smford",
                            "members.27": "blairboy362",
                            "members.28": "Wynndow",
                            "members.29": "andy-paine",
                            "members.3": "issyl0",
                            "members.4": "mrwilson",
                            "members.5": "philandstuff",
                            "members.6": "chrisholmes",
                            "members.7": "Krenair",
                            "members.8": "thomasalanlee",
                            "members.9": "mmhmm",
                            "name": "verify-tech-team",
                            "permission": "pull",
                            "privacy": "closed",
                            "slug": "verify-tech-team"
                        },
                        "meta": {},
                        "tainted": false
                    },
                    "deposed": [],
                    "provider": "provider.github"
                },
                "github_team_membership.team_membership.0": {
                    "type": "github_team_membership",
                    "depends_on": [],
                    "primary": {
                        "id": "2826122:dbes-gds",
                        "attributes": {
                            "etag": "W/\"c0b71835d820d7323dddf781a0ae2c11\"",
                            "id": "2826122:dbes-gds",
                            "role": "member",
                            "team_id": "2826122",
                            "username": "dbes-gds"
                        },
                        "meta": {},
                        "tainted": false
                    },
                    "deposed": [],
                    "provider": "provider.github"
                },
                "github_team_membership.team_membership.1": {
                    "type": "github_team_membership",
                    "depends_on": [],
                    "primary": {
                        "id": "2826126:dbes-gds",
                        "attributes": {
                            "etag": "W/\"65cb55a480849b4d29ec359a1f64f7a8\"",
                            "id": "2826126:dbes-gds",
                            "role": "member",
                            "team_id": "2826126",
                            "username": "dbes-gds"
                        },
                        "meta": {},
                        "tainted": false
                    },
                    "deposed": [],
                    "provider": "provider.github"
                },
                "github_team_membership.tech_team_approver": {
                    "type": "github_team_membership",
                    "depends_on": [
                        "data.github_team.approvers_team"
                    ],
                    "primary": {
                        "id": "3101758:dbes-gds",
                        "attributes": {
                            "etag": "W/\"b9d4dce0dd1ea62564c8b3d4c4aee4bb\"",
                            "id": "3101758:dbes-gds",
                            "role": "member",
                            "team_id": "3101758",
                            "username": "dbes-gds"
                        },
                        "meta": {},
                        "tainted": false
                    },
                    "deposed": [],
                    "provider": "provider.github"
                }
            },
            "depends_on": []
        },
        {
            "path": [
                "root",
                "user_galund"
            ],
            "outputs": {},
            "resources": {
                "data.github_team.approvers_team": {
                    "type": "github_team",
                    "depends_on": [],
                    "primary": {
                        "id": "3101758",
                        "attributes": {
                            "description": "Verify tech team: verify-tech-team-approvers",
                            "id": "3101758",
                            "members.#": "30",
                            "members.0": "idrop",
                            "members.1": "46bit",
                            "members.10": "tlwr",
                            "members.11": "kerrr",
                            "members.12": "robinmitra",
                            "members.13": "brenetic",
                            "members.14": "CharlesIC",
                            "members.15": "sakisv",
                            "members.16": "ronocg",
                            "members.17": "Rosa-Fox",
                            "members.18": "chrisclayson",
                            "members.19": "smford",
                            "members.2": "galund",
                            "members.20": "blairboy362",
                            "members.21": "Wynndow",
                            "members.22": "andy-paine",
                            "members.23": "tomrosier",
                            "members.24": "bjgill",
                            "members.25": "bravegrape",
                            "members.26": "jstandring-gds",
                            "members.27": "mhussein-gds",
                            "members.28": "adityapahuja",
                            "members.29": "rhowe-gds",
                            "members.3": "issyl0",
                            "members.4": "mrwilson",
                            "members.5": "philandstuff",
                            "members.6": "chrisholmes",
                            "members.7": "Krenair",
                            "members.8": "thomasalanlee",
                            "members.9": "mmhmm",
                            "name": "verify-tech-team-approvers",
                            "permission": "pull",
                            "privacy": "closed",
                            "slug": "verify-tech-team-approvers"
                        },
                        "meta": {},
                        "tainted": false
                    },
                    "deposed": [],
                    "provider": "provider.github"
                },
                "data.github_team.tech_team": {
                    "type": "github_team",
                    "depends_on": [],
                    "primary": {
                        "id": "2830432",
                        "attributes": {
                            "description": "Verify Tech Team",
                            "id": "2830432",
                            "members.#": "30",
                            "members.0": "idrop",
                            "members.1": "46bit",
                            "members.10": "tlwr",
                            "members.11": "kerrr",
                            "members.12": "zilnhoj",
                            "members.13": "Todai88",
                            "members.14": "robinmitra",
                            "members.15": "brenetic",
                            "members.16": "nacnudus",
                            "members.17": "CharlesIC",
                            "members.18": "jkunle",
                            "members.19": "sakisv",
                            "members.2": "galund",
                            "members.20": "stephengrier",
                            "members.21": "ronocg",
                            "members.22": "Rosa-Fox",
                            "members.23": "AnneCarr",
                            "members.24": "ida-build-bot",
                            "members.25": "chrisclayson",
                            "members.26": "smford",
                            "members.27": "blairboy362",
                            "members.28": "Wynndow",
                            "members.29": "andy-paine",
                            "members.3": "issyl0",
                            "members.4": "mrwilson",
                            "members.5": "philandstuff",
                            "members.6": "chrisholmes",
                            "members.7": "Krenair",
                            "members.8": "thomasalanlee",
                            "members.9": "mmhmm",
                            "name": "verify-tech-team",
                            "permission": "pull",
                            "privacy": "closed",
                            "slug": "verify-tech-team"
                        },
                        "meta": {},
                        "tainted": false
                    },
                    "deposed": [],
                    "provider": "provider.github"
                },
                "github_team_membership.team_membership": {
                    "type": "github_team_membership",
                    "depends_on": [],
                    "primary": {
                        "id": "2826122:galund",
                        "attributes": {
                            "etag": "W/\"95befa017e55ec3313365f192ad5a390\"",
                            "id": "2826122:galund",
                            "role": "member",
                            "team_id": "2826122",
                            "username": "galund"
                        },
                        "meta": {},
                        "tainted": false
                    },
                    "deposed": [],
                    "provider": "provider.github"
                },
                "github_team_membership.tech_team_approver": {
                    "type": "github_team_membership",
                    "depends_on": [
                        "data.github_team.approvers_team"
                    ],
                    "primary": {
                        "id": "3101758:galund",
                        "attributes": {
                            "etag": "W/\"5c899c43c1c2f848a27b8fe9bfe9113e\"",
                            "id": "3101758:galund",
                            "role": "member",
                            "team_id": "3101758",
                            "username": "galund"
                        },
                        "meta": {},
                        "tainted": false
                    },
                    "deposed": [],
                    "provider": "provider.github"
                }
            },
            "depends_on": []
        },
        {
            "path": [
                "root",
                "user_gdsnewt"
            ],
            "outputs": {},
            "resources": {
                "data.github_team.approvers_team": {
                    "type": "github_team",
                    "depends_on": [],
                    "primary": {
                        "id": "3101758",
                        "attributes": {
                            "description": "Verify tech team: verify-tech-team-approvers",
                            "id": "3101758",
                            "members.#": "30",
                            "members.0": "idrop",
                            "members.1": "46bit",
                            "members.10": "tlwr",
                            "members.11": "kerrr",
                            "members.12": "robinmitra",
                            "members.13": "brenetic",
                            "members.14": "CharlesIC",
                            "members.15": "sakisv",
                            "members.16": "ronocg",
                            "members.17": "Rosa-Fox",
                            "members.18": "chrisclayson",
                            "members.19": "smford",
                            "members.2": "galund",
                            "members.20": "blairboy362",
                            "members.21": "Wynndow",
                            "members.22": "andy-paine",
                            "members.23": "tomrosier",
                            "members.24": "bjgill",
                            "members.25": "bravegrape",
                            "members.26": "jstandring-gds",
                            "members.27": "mhussein-gds",
                            "members.28": "adityapahuja",
                            "members.29": "rhowe-gds",
                            "members.3": "issyl0",
                            "members.4": "mrwilson",
                            "members.5": "philandstuff",
                            "members.6": "chrisholmes",
                            "members.7": "Krenair",
                            "members.8": "thomasalanlee",
                            "members.9": "mmhmm",
                            "name": "verify-tech-team-approvers",
                            "permission": "pull",
                            "privacy": "closed",
                            "slug": "verify-tech-team-approvers"
                        },
                        "meta": {},
                        "tainted": false
                    },
                    "deposed": [],
                    "provider": "provider.github"
                },
                "data.github_team.tech_team": {
                    "type": "github_team",
                    "depends_on": [],
                    "primary": {
                        "id": "2830432",
                        "attributes": {
                            "description": "Verify Tech Team",
                            "id": "2830432",
                            "members.#": "30",
                            "members.0": "idrop",
                            "members.1": "46bit",
                            "members.10": "tlwr",
                            "members.11": "kerrr",
                            "members.12": "zilnhoj",
                            "members.13": "Todai88",
                            "members.14": "robinmitra",
                            "members.15": "brenetic",
                            "members.16": "nacnudus",
                            "members.17": "CharlesIC",
                            "members.18": "jkunle",
                            "members.19": "sakisv",
                            "members.2": "galund",
                            "members.20": "stephengrier",
                            "members.21": "ronocg",
                            "members.22": "Rosa-Fox",
                            "members.23": "AnneCarr",
                            "members.24": "ida-build-bot",
                            "members.25": "chrisclayson",
                            "members.26": "smford",
                            "members.27": "blairboy362",
                            "members.28": "Wynndow",
                            "members.29": "andy-paine",
                            "members.3": "issyl0",
                            "members.4": "mrwilson",
                            "members.5": "philandstuff",
                            "members.6": "chrisholmes",
                            "members.7": "Krenair",
                            "members.8": "thomasalanlee",
                            "members.9": "mmhmm",
                            "name": "verify-tech-team",
                            "permission": "pull",
                            "privacy": "closed",
                            "slug": "verify-tech-team"
                        },
                        "meta": {},
                        "tainted": false
                    },
                    "deposed": [],
                    "provider": "provider.github"
                },
                "github_team_membership.team_membership": {
                    "type": "github_team_membership",
                    "depends_on": [],
                    "primary": {
                        "id": "2826122:GDSNewt",
                        "attributes": {
                            "etag": "W/\"5178a1c8ee581220e72a893274a1643b\"",
                            "id": "2826122:GDSNewt",
                            "role": "member",
                            "team_id": "2826122",
                            "username": "GDSNewt"
                        },
                        "meta": {},
                        "tainted": false
                    },
                    "deposed": [],
                    "provider": "provider.github"
                }
            },
            "depends_on": []
        },
        {
            "path": [
                "root",
                "user_ida_build_bot"
            ],
            "outputs": {},
            "resources": {
                "data.github_team.approvers_team": {
                    "type": "github_team",
                    "depends_on": [],
                    "primary": {
                        "id": "3101758",
                        "attributes": {
                            "description": "Verify tech team: verify-tech-team-approvers",
                            "id": "3101758",
                            "members.#": "30",
                            "members.0": "idrop",
                            "members.1": "46bit",
                            "members.10": "tlwr",
                            "members.11": "kerrr",
                            "members.12": "robinmitra",
                            "members.13": "brenetic",
                            "members.14": "CharlesIC",
                            "members.15": "sakisv",
                            "members.16": "ronocg",
                            "members.17": "Rosa-Fox",
                            "members.18": "chrisclayson",
                            "members.19": "smford",
                            "members.2": "galund",
                            "members.20": "blairboy362",
                            "members.21": "Wynndow",
                            "members.22": "andy-paine",
                            "members.23": "tomrosier",
                            "members.24": "bjgill",
                            "members.25": "bravegrape",
                            "members.26": "jstandring-gds",
                            "members.27": "mhussein-gds",
                            "members.28": "adityapahuja",
                            "members.29": "rhowe-gds",
                            "members.3": "issyl0",
                            "members.4": "mrwilson",
                            "members.5": "philandstuff",
                            "members.6": "chrisholmes",
                            "members.7": "Krenair",
                            "members.8": "thomasalanlee",
                            "members.9": "mmhmm",
                            "name": "verify-tech-team-approvers",
                            "permission": "pull",
                            "privacy": "closed",
                            "slug": "verify-tech-team-approvers"
                        },
                        "meta": {},
                        "tainted": false
                    },
                    "deposed": [],
                    "provider": "provider.github"
                },
                "data.github_team.tech_team": {
                    "type": "github_team",
                    "depends_on": [],
                    "primary": {
                        "id": "2830432",
                        "attributes": {
                            "description": "Verify Tech Team",
                            "id": "2830432",
                            "members.#": "30",
                            "members.0": "idrop",
                            "members.1": "46bit",
                            "members.10": "tlwr",
                            "members.11": "kerrr",
                            "members.12": "zilnhoj",
                            "members.13": "Todai88",
                            "members.14": "robinmitra",
                            "members.15": "brenetic",
                            "members.16": "nacnudus",
                            "members.17": "CharlesIC",
                            "members.18": "jkunle",
                            "members.19": "sakisv",
                            "members.2": "galund",
                            "members.20": "stephengrier",
                            "members.21": "ronocg",
                            "members.22": "Rosa-Fox",
                            "members.23": "AnneCarr",
                            "members.24": "ida-build-bot",
                            "members.25": "chrisclayson",
                            "members.26": "smford",
                            "members.27": "blairboy362",
                            "members.28": "Wynndow",
                            "members.29": "andy-paine",
                            "members.3": "issyl0",
                            "members.4": "mrwilson",
                            "members.5": "philandstuff",
                            "members.6": "chrisholmes",
                            "members.7": "Krenair",
                            "members.8": "thomasalanlee",
                            "members.9": "mmhmm",
                            "name": "verify-tech-team",
                            "permission": "pull",
                            "privacy": "closed",
                            "slug": "verify-tech-team"
                        },
                        "meta": {},
                        "tainted": false
                    },
                    "deposed": [],
                    "provider": "provider.github"
                },
                "github_team_membership.team_membership.0": {
                    "type": "github_team_membership",
                    "depends_on": [],
                    "primary": {
                        "id": "2826122:ida-build-bot",
                        "attributes": {
                            "etag": "W/\"0d718e68e6357b0bcf32040acf63acc5\"",
                            "id": "2826122:ida-build-bot",
                            "role": "member",
                            "team_id": "2826122",
                            "username": "ida-build-bot"
                        },
                        "meta": {},
                        "tainted": false
                    },
                    "deposed": [],
                    "provider": "provider.github"
                },
                "github_team_membership.team_membership.1": {
                    "type": "github_team_membership",
                    "depends_on": [],
                    "primary": {
                        "id": "2826126:ida-build-bot",
                        "attributes": {
                            "etag": "W/\"0fab0fa762de06dc8d6fc8c0f21f7564\"",
                            "id": "2826126:ida-build-bot",
                            "role": "member",
                            "team_id": "2826126",
                            "username": "ida-build-bot"
                        },
                        "meta": {},
                        "tainted": false
                    },
                    "deposed": [],
                    "provider": "provider.github"
                }
            },
            "depends_on": []
        },
        {
            "path": [
                "root",
                "user_idacodacybot"
            ],
            "outputs": {},
            "resources": {
                "data.github_team.approvers_team": {
                    "type": "github_team",
                    "depends_on": [],
                    "primary": {
                        "id": "3101758",
                        "attributes": {
                            "description": "Verify tech team: verify-tech-team-approvers",
                            "id": "3101758",
                            "members.#": "30",
                            "members.0": "idrop",
                            "members.1": "46bit",
                            "members.10": "tlwr",
                            "members.11": "kerrr",
                            "members.12": "robinmitra",
                            "members.13": "brenetic",
                            "members.14": "CharlesIC",
                            "members.15": "sakisv",
                            "members.16": "ronocg",
                            "members.17": "Rosa-Fox",
                            "members.18": "chrisclayson",
                            "members.19": "smford",
                            "members.2": "galund",
                            "members.20": "blairboy362",
                            "members.21": "Wynndow",
                            "members.22": "andy-paine",
                            "members.23": "tomrosier",
                            "members.24": "bjgill",
                            "members.25": "bravegrape",
                            "members.26": "jstandring-gds",
                            "members.27": "mhussein-gds",
                            "members.28": "adityapahuja",
                            "members.29": "rhowe-gds",
                            "members.3": "issyl0",
                            "members.4": "mrwilson",
                            "members.5": "philandstuff",
                            "members.6": "chrisholmes",
                            "members.7": "Krenair",
                            "members.8": "thomasalanlee",
                            "members.9": "mmhmm",
                            "name": "verify-tech-team-approvers",
                            "permission": "pull",
                            "privacy": "closed",
                            "slug": "verify-tech-team-approvers"
                        },
                        "meta": {},
                        "tainted": false
                    },
                    "deposed": [],
                    "provider": "provider.github"
                },
                "data.github_team.tech_team": {
                    "type": "github_team",
                    "depends_on": [],
                    "primary": {
                        "id": "2830432",
                        "attributes": {
                            "description": "Verify Tech Team",
                            "id": "2830432",
                            "members.#": "30",
                            "members.0": "idrop",
                            "members.1": "46bit",
                            "members.10": "tlwr",
                            "members.11": "kerrr",
                            "members.12": "zilnhoj",
                            "members.13": "Todai88",
                            "members.14": "robinmitra",
                            "members.15": "brenetic",
                            "members.16": "nacnudus",
                            "members.17": "CharlesIC",
                            "members.18": "jkunle",
                            "members.19": "sakisv",
                            "members.2": "galund",
                            "members.20": "stephengrier",
                            "members.21": "ronocg",
                            "members.22": "Rosa-Fox",
                            "members.23": "AnneCarr",
                            "members.24": "ida-build-bot",
                            "members.25": "chrisclayson",
                            "members.26": "smford",
                            "members.27": "blairboy362",
                            "members.28": "Wynndow",
                            "members.29": "andy-paine",
                            "members.3": "issyl0",
                            "members.4": "mrwilson",
                            "members.5": "philandstuff",
                            "members.6": "chrisholmes",
                            "members.7": "Krenair",
                            "members.8": "thomasalanlee",
                            "members.9": "mmhmm",
                            "name": "verify-tech-team",
                            "permission": "pull",
                            "privacy": "closed",
                            "slug": "verify-tech-team"
                        },
                        "meta": {},
                        "tainted": false
                    },
                    "deposed": [],
                    "provider": "provider.github"
                },
                "github_team_membership.team_membership.0": {
                    "type": "github_team_membership",
                    "depends_on": [],
                    "primary": {
                        "id": "2826122:ida-codacy-bot",
                        "attributes": {
                            "etag": "W/\"300288580f0b1e062ad5f485f44999e9\"",
                            "id": "2826122:ida-codacy-bot",
                            "role": "member",
                            "team_id": "2826122",
                            "username": "ida-codacy-bot"
                        },
                        "meta": {},
                        "tainted": false
                    },
                    "deposed": [],
                    "provider": "provider.github"
                },
                "github_team_membership.team_membership.1": {
                    "type": "github_team_membership",
                    "depends_on": [],
                    "primary": {
                        "id": "2826126:ida-codacy-bot",
                        "attributes": {
                            "etag": "W/\"35cdd9480b21e442e2677fad6080eee0\"",
                            "id": "2826126:ida-codacy-bot",
                            "role": "member",
                            "team_id": "2826126",
                            "username": "ida-codacy-bot"
                        },
                        "meta": {},
                        "tainted": false
                    },
                    "deposed": [],
                    "provider": "provider.github"
                }
            },
            "depends_on": []
        },
        {
            "path": [
                "root",
                "user_idrop"
            ],
            "outputs": {},
            "resources": {
                "data.github_team.approvers_team": {
                    "type": "github_team",
                    "depends_on": [],
                    "primary": {
                        "id": "3101758",
                        "attributes": {
                            "description": "Verify tech team: verify-tech-team-approvers",
                            "id": "3101758",
                            "members.#": "30",
                            "members.0": "idrop",
                            "members.1": "46bit",
                            "members.10": "tlwr",
                            "members.11": "kerrr",
                            "members.12": "robinmitra",
                            "members.13": "brenetic",
                            "members.14": "CharlesIC",
                            "members.15": "sakisv",
                            "members.16": "ronocg",
                            "members.17": "Rosa-Fox",
                            "members.18": "chrisclayson",
                            "members.19": "smford",
                            "members.2": "galund",
                            "members.20": "blairboy362",
                            "members.21": "Wynndow",
                            "members.22": "andy-paine",
                            "members.23": "tomrosier",
                            "members.24": "bjgill",
                            "members.25": "bravegrape",
                            "members.26": "jstandring-gds",
                            "members.27": "mhussein-gds",
                            "members.28": "adityapahuja",
                            "members.29": "rhowe-gds",
                            "members.3": "issyl0",
                            "members.4": "mrwilson",
                            "members.5": "philandstuff",
                            "members.6": "chrisholmes",
                            "members.7": "Krenair",
                            "members.8": "thomasalanlee",
                            "members.9": "mmhmm",
                            "name": "verify-tech-team-approvers",
                            "permission": "pull",
                            "privacy": "closed",
                            "slug": "verify-tech-team-approvers"
                        },
                        "meta": {},
                        "tainted": false
                    },
                    "deposed": [],
                    "provider": "provider.github"
                },
                "data.github_team.tech_team": {
                    "type": "github_team",
                    "depends_on": [],
                    "primary": {
                        "id": "2830432",
                        "attributes": {
                            "description": "Verify Tech Team",
                            "id": "2830432",
                            "members.#": "30",
                            "members.0": "idrop",
                            "members.1": "46bit",
                            "members.10": "tlwr",
                            "members.11": "kerrr",
                            "members.12": "zilnhoj",
                            "members.13": "Todai88",
                            "members.14": "robinmitra",
                            "members.15": "brenetic",
                            "members.16": "nacnudus",
                            "members.17": "CharlesIC",
                            "members.18": "jkunle",
                            "members.19": "sakisv",
                            "members.2": "galund",
                            "members.20": "stephengrier",
                            "members.21": "ronocg",
                            "members.22": "Rosa-Fox",
                            "members.23": "AnneCarr",
                            "members.24": "ida-build-bot",
                            "members.25": "chrisclayson",
                            "members.26": "smford",
                            "members.27": "blairboy362",
                            "members.28": "Wynndow",
                            "members.29": "andy-paine",
                            "members.3": "issyl0",
                            "members.4": "mrwilson",
                            "members.5": "philandstuff",
                            "members.6": "chrisholmes",
                            "members.7": "Krenair",
                            "members.8": "thomasalanlee",
                            "members.9": "mmhmm",
                            "name": "verify-tech-team",
                            "permission": "pull",
                            "privacy": "closed",
                            "slug": "verify-tech-team"
                        },
                        "meta": {},
                        "tainted": false
                    },
                    "deposed": [],
                    "provider": "provider.github"
                },
                "github_team_membership.team_membership.0": {
                    "type": "github_team_membership",
                    "depends_on": [],
                    "primary": {
                        "id": "2826122:idrop",
                        "attributes": {
                            "etag": "W/\"ec3718e21da4ede52fffe4bd3a583950\"",
                            "id": "2826122:idrop",
                            "role": "member",
                            "team_id": "2826122",
                            "username": "idrop"
                        },
                        "meta": {},
                        "tainted": false
                    },
                    "deposed": [],
                    "provider": "provider.github"
                },
                "github_team_membership.team_membership.1": {
                    "type": "github_team_membership",
                    "depends_on": [],
                    "primary": {
                        "id": "2826126:idrop",
                        "attributes": {
                            "etag": "W/\"f2550e92fb51f15303be2ac6190d1480\"",
                            "id": "2826126:idrop",
                            "role": "member",
                            "team_id": "2826126",
                            "username": "idrop"
                        },
                        "meta": {},
                        "tainted": false
                    },
                    "deposed": [],
                    "provider": "provider.github"
                },
                "github_team_membership.tech_team_approver": {
                    "type": "github_team_membership",
                    "depends_on": [
                        "data.github_team.approvers_team"
                    ],
                    "primary": {
                        "id": "3101758:idrop",
                        "attributes": {
                            "etag": "W/\"25291d0362f31a10f637939982977fe8\"",
                            "id": "3101758:idrop",
                            "role": "member",
                            "team_id": "3101758",
                            "username": "idrop"
                        },
                        "meta": {},
                        "tainted": false
                    },
                    "deposed": [],
                    "provider": "provider.github"
                }
            },
            "depends_on": []
        },
        {
            "path": [
                "root",
                "user_instantiator"
            ],
            "outputs": {},
            "resources": {
                "data.github_team.approvers_team": {
                    "type": "github_team",
                    "depends_on": [],
                    "primary": {
                        "id": "3101758",
                        "attributes": {
                            "description": "Verify tech team: verify-tech-team-approvers",
                            "id": "3101758",
                            "members.#": "30",
                            "members.0": "idrop",
                            "members.1": "46bit",
                            "members.10": "tlwr",
                            "members.11": "kerrr",
                            "members.12": "robinmitra",
                            "members.13": "brenetic",
                            "members.14": "CharlesIC",
                            "members.15": "sakisv",
                            "members.16": "ronocg",
                            "members.17": "Rosa-Fox",
                            "members.18": "chrisclayson",
                            "members.19": "smford",
                            "members.2": "galund",
                            "members.20": "blairboy362",
                            "members.21": "Wynndow",
                            "members.22": "andy-paine",
                            "members.23": "tomrosier",
                            "members.24": "bjgill",
                            "members.25": "bravegrape",
                            "members.26": "jstandring-gds",
                            "members.27": "mhussein-gds",
                            "members.28": "adityapahuja",
                            "members.29": "rhowe-gds",
                            "members.3": "issyl0",
                            "members.4": "mrwilson",
                            "members.5": "philandstuff",
                            "members.6": "chrisholmes",
                            "members.7": "Krenair",
                            "members.8": "thomasalanlee",
                            "members.9": "mmhmm",
                            "name": "verify-tech-team-approvers",
                            "permission": "pull",
                            "privacy": "closed",
                            "slug": "verify-tech-team-approvers"
                        },
                        "meta": {},
                        "tainted": false
                    },
                    "deposed": [],
                    "provider": "provider.github"
                },
                "data.github_team.tech_team": {
                    "type": "github_team",
                    "depends_on": [],
                    "primary": {
                        "id": "2830432",
                        "attributes": {
                            "description": "Verify Tech Team",
                            "id": "2830432",
                            "members.#": "30",
                            "members.0": "idrop",
                            "members.1": "46bit",
                            "members.10": "tlwr",
                            "members.11": "kerrr",
                            "members.12": "zilnhoj",
                            "members.13": "Todai88",
                            "members.14": "robinmitra",
                            "members.15": "brenetic",
                            "members.16": "nacnudus",
                            "members.17": "CharlesIC",
                            "members.18": "jkunle",
                            "members.19": "sakisv",
                            "members.2": "galund",
                            "members.20": "stephengrier",
                            "members.21": "ronocg",
                            "members.22": "Rosa-Fox",
                            "members.23": "AnneCarr",
                            "members.24": "ida-build-bot",
                            "members.25": "chrisclayson",
                            "members.26": "smford",
                            "members.27": "blairboy362",
                            "members.28": "Wynndow",
                            "members.29": "andy-paine",
                            "members.3": "issyl0",
                            "members.4": "mrwilson",
                            "members.5": "philandstuff",
                            "members.6": "chrisholmes",
                            "members.7": "Krenair",
                            "members.8": "thomasalanlee",
                            "members.9": "mmhmm",
                            "name": "verify-tech-team",
                            "permission": "pull",
                            "privacy": "closed",
                            "slug": "verify-tech-team"
                        },
                        "meta": {},
                        "tainted": false
                    },
                    "deposed": [],
                    "provider": "provider.github"
                },
                "github_team_membership.team_membership.0": {
                    "type": "github_team_membership",
                    "depends_on": [],
                    "primary": {
                        "id": "2826122:instantiator",
                        "attributes": {
                            "etag": "W/\"1f746a562d1fcbbcc23a82bdc7b40e58\"",
                            "id": "2826122:instantiator",
                            "role": "member",
                            "team_id": "2826122",
                            "username": "instantiator"
                        },
                        "meta": {},
                        "tainted": false
                    },
                    "deposed": [],
                    "provider": "provider.github"
                },
                "github_team_membership.team_membership.1": {
                    "type": "github_team_membership",
                    "depends_on": [],
                    "primary": {
                        "id": "2826126:instantiator",
                        "attributes": {
                            "etag": "W/\"bc0e7ae3418a29efcf1dd86f00754fc7\"",
                            "id": "2826126:instantiator",
                            "role": "member",
                            "team_id": "2826126",
                            "username": "instantiator"
                        },
                        "meta": {},
                        "tainted": false
                    },
                    "deposed": [],
                    "provider": "provider.github"
                }
            },
            "depends_on": []
        },
        {
            "path": [
                "root",
                "user_issyl0"
            ],
            "outputs": {},
            "resources": {
                "data.github_team.approvers_team": {
                    "type": "github_team",
                    "depends_on": [],
                    "primary": {
                        "id": "3101758",
                        "attributes": {
                            "description": "Verify tech team: verify-tech-team-approvers",
                            "id": "3101758",
                            "members.#": "30",
                            "members.0": "idrop",
                            "members.1": "46bit",
                            "members.10": "tlwr",
                            "members.11": "kerrr",
                            "members.12": "robinmitra",
                            "members.13": "brenetic",
                            "members.14": "CharlesIC",
                            "members.15": "sakisv",
                            "members.16": "ronocg",
                            "members.17": "Rosa-Fox",
                            "members.18": "chrisclayson",
                            "members.19": "smford",
                            "members.2": "galund",
                            "members.20": "blairboy362",
                            "members.21": "Wynndow",
                            "members.22": "andy-paine",
                            "members.23": "tomrosier",
                            "members.24": "bjgill",
                            "members.25": "bravegrape",
                            "members.26": "jstandring-gds",
                            "members.27": "mhussein-gds",
                            "members.28": "adityapahuja",
                            "members.29": "rhowe-gds",
                            "members.3": "issyl0",
                            "members.4": "mrwilson",
                            "members.5": "philandstuff",
                            "members.6": "chrisholmes",
                            "members.7": "Krenair",
                            "members.8": "thomasalanlee",
                            "members.9": "mmhmm",
                            "name": "verify-tech-team-approvers",
                            "permission": "pull",
                            "privacy": "closed",
                            "slug": "verify-tech-team-approvers"
                        },
                        "meta": {},
                        "tainted": false
                    },
                    "deposed": [],
                    "provider": "provider.github"
                },
                "data.github_team.tech_team": {
                    "type": "github_team",
                    "depends_on": [],
                    "primary": {
                        "id": "2830432",
                        "attributes": {
                            "description": "Verify Tech Team",
                            "id": "2830432",
                            "members.#": "30",
                            "members.0": "idrop",
                            "members.1": "46bit",
                            "members.10": "tlwr",
                            "members.11": "kerrr",
                            "members.12": "zilnhoj",
                            "members.13": "Todai88",
                            "members.14": "robinmitra",
                            "members.15": "brenetic",
                            "members.16": "nacnudus",
                            "members.17": "CharlesIC",
                            "members.18": "jkunle",
                            "members.19": "sakisv",
                            "members.2": "galund",
                            "members.20": "stephengrier",
                            "members.21": "ronocg",
                            "members.22": "Rosa-Fox",
                            "members.23": "AnneCarr",
                            "members.24": "ida-build-bot",
                            "members.25": "chrisclayson",
                            "members.26": "smford",
                            "members.27": "blairboy362",
                            "members.28": "Wynndow",
                            "members.29": "andy-paine",
                            "members.3": "issyl0",
                            "members.4": "mrwilson",
                            "members.5": "philandstuff",
                            "members.6": "chrisholmes",
                            "members.7": "Krenair",
                            "members.8": "thomasalanlee",
                            "members.9": "mmhmm",
                            "name": "verify-tech-team",
                            "permission": "pull",
                            "privacy": "closed",
                            "slug": "verify-tech-team"
                        },
                        "meta": {},
                        "tainted": false
                    },
                    "deposed": [],
                    "provider": "provider.github"
                },
                "github_team_membership.team_membership.0": {
                    "type": "github_team_membership",
                    "depends_on": [],
                    "primary": {
                        "id": "2826122:issyl0",
                        "attributes": {
                            "etag": "W/\"4c064eaaaa497579398d311908aabcaf\"",
                            "id": "2826122:issyl0",
                            "role": "member",
                            "team_id": "2826122",
                            "username": "issyl0"
                        },
                        "meta": {},
                        "tainted": false
                    },
                    "deposed": [],
                    "provider": "provider.github"
                },
                "github_team_membership.team_membership.1": {
                    "type": "github_team_membership",
                    "depends_on": [],
                    "primary": {
                        "id": "2826127:issyl0",
                        "attributes": {
                            "etag": "W/\"309a1da0568720fe48ccf2a09eadea92\"",
                            "id": "2826127:issyl0",
                            "role": "member",
                            "team_id": "2826127",
                            "username": "issyl0"
                        },
                        "meta": {},
                        "tainted": false
                    },
                    "deposed": [],
                    "provider": "provider.github"
                },
                "github_team_membership.tech_team_approver": {
                    "type": "github_team_membership",
                    "depends_on": [
                        "data.github_team.approvers_team"
                    ],
                    "primary": {
                        "id": "3101758:issyl0",
                        "attributes": {
                            "etag": "W/\"6a0430f27a2717af7755591b3eb0c65d\"",
                            "id": "3101758:issyl0",
                            "role": "member",
                            "team_id": "3101758",
                            "username": "issyl0"
                        },
                        "meta": {},
                        "tainted": false
                    },
                    "deposed": [],
                    "provider": "provider.github"
                }
            },
            "depends_on": []
        },
        {
            "path": [
                "root",
                "user_j_maynard"
            ],
            "outputs": {},
            "resources": {
                "data.github_team.approvers_team": {
                    "type": "github_team",
                    "depends_on": [],
                    "primary": {
                        "id": "3101758",
                        "attributes": {
                            "description": "Verify tech team: verify-tech-team-approvers",
                            "id": "3101758",
                            "members.#": "30",
                            "members.0": "idrop",
                            "members.1": "46bit",
                            "members.10": "tlwr",
                            "members.11": "kerrr",
                            "members.12": "robinmitra",
                            "members.13": "brenetic",
                            "members.14": "CharlesIC",
                            "members.15": "sakisv",
                            "members.16": "ronocg",
                            "members.17": "Rosa-Fox",
                            "members.18": "chrisclayson",
                            "members.19": "smford",
                            "members.2": "galund",
                            "members.20": "blairboy362",
                            "members.21": "Wynndow",
                            "members.22": "andy-paine",
                            "members.23": "tomrosier",
                            "members.24": "bjgill",
                            "members.25": "bravegrape",
                            "members.26": "jstandring-gds",
                            "members.27": "mhussein-gds",
                            "members.28": "adityapahuja",
                            "members.29": "rhowe-gds",
                            "members.3": "issyl0",
                            "members.4": "mrwilson",
                            "members.5": "philandstuff",
                            "members.6": "chrisholmes",
                            "members.7": "Krenair",
                            "members.8": "thomasalanlee",
                            "members.9": "mmhmm",
                            "name": "verify-tech-team-approvers",
                            "permission": "pull",
                            "privacy": "closed",
                            "slug": "verify-tech-team-approvers"
                        },
                        "meta": {},
                        "tainted": false
                    },
                    "deposed": [],
                    "provider": "provider.github"
                },
                "data.github_team.tech_team": {
                    "type": "github_team",
                    "depends_on": [],
                    "primary": {
                        "id": "2830432",
                        "attributes": {
                            "description": "Verify Tech Team",
                            "id": "2830432",
                            "members.#": "30",
                            "members.0": "idrop",
                            "members.1": "46bit",
                            "members.10": "tlwr",
                            "members.11": "kerrr",
                            "members.12": "zilnhoj",
                            "members.13": "Todai88",
                            "members.14": "robinmitra",
                            "members.15": "brenetic",
                            "members.16": "nacnudus",
                            "members.17": "CharlesIC",
                            "members.18": "jkunle",
                            "members.19": "sakisv",
                            "members.2": "galund",
                            "members.20": "stephengrier",
                            "members.21": "ronocg",
                            "members.22": "Rosa-Fox",
                            "members.23": "AnneCarr",
                            "members.24": "ida-build-bot",
                            "members.25": "chrisclayson",
                            "members.26": "smford",
                            "members.27": "blairboy362",
                            "members.28": "Wynndow",
                            "members.29": "andy-paine",
                            "members.3": "issyl0",
                            "members.4": "mrwilson",
                            "members.5": "philandstuff",
                            "members.6": "chrisholmes",
                            "members.7": "Krenair",
                            "members.8": "thomasalanlee",
                            "members.9": "mmhmm",
                            "name": "verify-tech-team",
                            "permission": "pull",
                            "privacy": "closed",
                            "slug": "verify-tech-team"
                        },
                        "meta": {},
                        "tainted": false
                    },
                    "deposed": [],
                    "provider": "provider.github"
                },
                "github_team_membership.team_membership": {
                    "type": "github_team_membership",
                    "depends_on": [],
                    "primary": {
                        "id": "2826122:j-maynard",
                        "attributes": {
                            "etag": "W/\"235401d65511d234add535c6afafc7fb\"",
                            "id": "2826122:j-maynard",
                            "role": "member",
                            "team_id": "2826122",
                            "username": "j-maynard"
                        },
                        "meta": {},
                        "tainted": false
                    },
                    "deposed": [],
                    "provider": "provider.github"
                }
            },
            "depends_on": []
        },
        {
            "path": [
                "root",
                "user_jakubmiarka"
            ],
            "outputs": {},
            "resources": {
                "data.github_team.approvers_team": {
                    "type": "github_team",
                    "depends_on": [],
                    "primary": {
                        "id": "3101758",
                        "attributes": {
                            "description": "Verify tech team: verify-tech-team-approvers",
                            "id": "3101758",
                            "members.#": "30",
                            "members.0": "idrop",
                            "members.1": "46bit",
                            "members.10": "tlwr",
                            "members.11": "kerrr",
                            "members.12": "robinmitra",
                            "members.13": "brenetic",
                            "members.14": "CharlesIC",
                            "members.15": "sakisv",
                            "members.16": "ronocg",
                            "members.17": "Rosa-Fox",
                            "members.18": "chrisclayson",
                            "members.19": "smford",
                            "members.2": "galund",
                            "members.20": "blairboy362",
                            "members.21": "Wynndow",
                            "members.22": "andy-paine",
                            "members.23": "tomrosier",
                            "members.24": "bjgill",
                            "members.25": "bravegrape",
                            "members.26": "jstandring-gds",
                            "members.27": "mhussein-gds",
                            "members.28": "adityapahuja",
                            "members.29": "rhowe-gds",
                            "members.3": "issyl0",
                            "members.4": "mrwilson",
                            "members.5": "philandstuff",
                            "members.6": "chrisholmes",
                            "members.7": "Krenair",
                            "members.8": "thomasalanlee",
                            "members.9": "mmhmm",
                            "name": "verify-tech-team-approvers",
                            "permission": "pull",
                            "privacy": "closed",
                            "slug": "verify-tech-team-approvers"
                        },
                        "meta": {},
                        "tainted": false
                    },
                    "deposed": [],
                    "provider": "provider.github"
                },
                "data.github_team.tech_team": {
                    "type": "github_team",
                    "depends_on": [],
                    "primary": {
                        "id": "2830432",
                        "attributes": {
                            "description": "Verify Tech Team",
                            "id": "2830432",
                            "members.#": "30",
                            "members.0": "idrop",
                            "members.1": "46bit",
                            "members.10": "tlwr",
                            "members.11": "kerrr",
                            "members.12": "zilnhoj",
                            "members.13": "Todai88",
                            "members.14": "robinmitra",
                            "members.15": "brenetic",
                            "members.16": "nacnudus",
                            "members.17": "CharlesIC",
                            "members.18": "jkunle",
                            "members.19": "sakisv",
                            "members.2": "galund",
                            "members.20": "stephengrier",
                            "members.21": "ronocg",
                            "members.22": "Rosa-Fox",
                            "members.23": "AnneCarr",
                            "members.24": "ida-build-bot",
                            "members.25": "chrisclayson",
                            "members.26": "smford",
                            "members.27": "blairboy362",
                            "members.28": "Wynndow",
                            "members.29": "andy-paine",
                            "members.3": "issyl0",
                            "members.4": "mrwilson",
                            "members.5": "philandstuff",
                            "members.6": "chrisholmes",
                            "members.7": "Krenair",
                            "members.8": "thomasalanlee",
                            "members.9": "mmhmm",
                            "name": "verify-tech-team",
                            "permission": "pull",
                            "privacy": "closed",
                            "slug": "verify-tech-team"
                        },
                        "meta": {},
                        "tainted": false
                    },
                    "deposed": [],
                    "provider": "provider.github"
                },
                "github_team_membership.team_membership": {
                    "type": "github_team_membership",
                    "depends_on": [],
                    "primary": {
                        "id": "2826122:jakubmiarka",
                        "attributes": {
                            "etag": "W/\"bcefc6f30b7d8dd901a9c11ed0313b54\"",
                            "id": "2826122:jakubmiarka",
                            "role": "maintainer",
                            "team_id": "2826122",
                            "username": "jakubmiarka"
                        },
                        "meta": {},
                        "tainted": false
                    },
                    "deposed": [],
                    "provider": "provider.github"
                },
                "github_team_membership.tech_team_approver": {
                    "type": "github_team_membership",
                    "depends_on": [
                        "data.github_team.approvers_team"
                    ],
                    "primary": {
                        "id": "3101758:jakubmiarka",
                        "attributes": {
                            "etag": "W/\"bd4906cbba3f0f1c2dca90a1e68883bd\"",
                            "id": "3101758:jakubmiarka",
                            "role": "member",
                            "team_id": "3101758",
                            "username": "jakubmiarka"
                        },
                        "meta": {},
                        "tainted": false
                    },
                    "deposed": [],
                    "provider": "provider.github"
                },
                "github_team_membership.tech_team_maintainer": {
                    "type": "github_team_membership",
                    "depends_on": [
                        "data.github_team.tech_team"
                    ],
                    "primary": {
                        "id": "2830432:jakubmiarka",
                        "attributes": {
                            "etag": "W/\"586784d47bc8ea6cedae620be35b30c7\"",
                            "id": "2830432:jakubmiarka",
                            "role": "maintainer",
                            "team_id": "2830432",
                            "username": "jakubmiarka"
                        },
                        "meta": {},
                        "tainted": false
                    },
                    "deposed": [],
                    "provider": "provider.github"
                }
            },
            "depends_on": []
        },
        {
            "path": [
                "root",
                "user_jhjava"
            ],
            "outputs": {},
            "resources": {
                "data.github_team.approvers_team": {
                    "type": "github_team",
                    "depends_on": [],
                    "primary": {
                        "id": "3101758",
                        "attributes": {
                            "description": "Verify tech team: verify-tech-team-approvers",
                            "id": "3101758",
                            "members.#": "30",
                            "members.0": "idrop",
                            "members.1": "46bit",
                            "members.10": "tlwr",
                            "members.11": "kerrr",
                            "members.12": "robinmitra",
                            "members.13": "brenetic",
                            "members.14": "CharlesIC",
                            "members.15": "sakisv",
                            "members.16": "ronocg",
                            "members.17": "Rosa-Fox",
                            "members.18": "chrisclayson",
                            "members.19": "smford",
                            "members.2": "galund",
                            "members.20": "blairboy362",
                            "members.21": "Wynndow",
                            "members.22": "andy-paine",
                            "members.23": "tomrosier",
                            "members.24": "bjgill",
                            "members.25": "bravegrape",
                            "members.26": "jstandring-gds",
                            "members.27": "mhussein-gds",
                            "members.28": "adityapahuja",
                            "members.29": "rhowe-gds",
                            "members.3": "issyl0",
                            "members.4": "mrwilson",
                            "members.5": "philandstuff",
                            "members.6": "chrisholmes",
                            "members.7": "Krenair",
                            "members.8": "thomasalanlee",
                            "members.9": "mmhmm",
                            "name": "verify-tech-team-approvers",
                            "permission": "pull",
                            "privacy": "closed",
                            "slug": "verify-tech-team-approvers"
                        },
                        "meta": {},
                        "tainted": false
                    },
                    "deposed": [],
                    "provider": "provider.github"
                },
                "data.github_team.tech_team": {
                    "type": "github_team",
                    "depends_on": [],
                    "primary": {
                        "id": "2830432",
                        "attributes": {
                            "description": "Verify Tech Team",
                            "id": "2830432",
                            "members.#": "30",
                            "members.0": "idrop",
                            "members.1": "46bit",
                            "members.10": "tlwr",
                            "members.11": "kerrr",
                            "members.12": "zilnhoj",
                            "members.13": "Todai88",
                            "members.14": "robinmitra",
                            "members.15": "brenetic",
                            "members.16": "nacnudus",
                            "members.17": "CharlesIC",
                            "members.18": "jkunle",
                            "members.19": "sakisv",
                            "members.2": "galund",
                            "members.20": "stephengrier",
                            "members.21": "ronocg",
                            "members.22": "Rosa-Fox",
                            "members.23": "AnneCarr",
                            "members.24": "ida-build-bot",
                            "members.25": "chrisclayson",
                            "members.26": "smford",
                            "members.27": "blairboy362",
                            "members.28": "Wynndow",
                            "members.29": "andy-paine",
                            "members.3": "issyl0",
                            "members.4": "mrwilson",
                            "members.5": "philandstuff",
                            "members.6": "chrisholmes",
                            "members.7": "Krenair",
                            "members.8": "thomasalanlee",
                            "members.9": "mmhmm",
                            "name": "verify-tech-team",
                            "permission": "pull",
                            "privacy": "closed",
                            "slug": "verify-tech-team"
                        },
                        "meta": {},
                        "tainted": false
                    },
                    "deposed": [],
                    "provider": "provider.github"
                },
                "github_team_membership.team_membership.0": {
                    "type": "github_team_membership",
                    "depends_on": [],
                    "primary": {
                        "id": "2826122:JHjava",
                        "attributes": {
                            "etag": "W/\"e341ee36f3594951c77d3f462aeaf0d3\"",
                            "id": "2826122:JHjava",
                            "role": "maintainer",
                            "team_id": "2826122",
                            "username": "JHjava"
                        },
                        "meta": {},
                        "tainted": false
                    },
                    "deposed": [],
                    "provider": "provider.github"
                },
                "github_team_membership.team_membership.1": {
                    "type": "github_team_membership",
                    "depends_on": [],
                    "primary": {
                        "id": "2826126:JHjava",
                        "attributes": {
                            "etag": "W/\"9a9b6e37d948aa0be0cb8099f6ebfdcc\"",
                            "id": "2826126:JHjava",
                            "role": "maintainer",
                            "team_id": "2826126",
                            "username": "JHjava"
                        },
                        "meta": {},
                        "tainted": false
                    },
                    "deposed": [],
                    "provider": "provider.github"
                },
                "github_team_membership.tech_team_approver": {
                    "type": "github_team_membership",
                    "depends_on": [
                        "data.github_team.approvers_team"
                    ],
                    "primary": {
                        "id": "3101758:JHjava",
                        "attributes": {
                            "etag": "W/\"63892c6b3c6bad8a36921a44ea98b6a3\"",
                            "id": "3101758:JHjava",
                            "role": "member",
                            "team_id": "3101758",
                            "username": "JHjava"
                        },
                        "meta": {},
                        "tainted": false
                    },
                    "deposed": [],
                    "provider": "provider.github"
                },
                "github_team_membership.tech_team_maintainer": {
                    "type": "github_team_membership",
                    "depends_on": [
                        "data.github_team.tech_team"
                    ],
                    "primary": {
                        "id": "2830432:JHjava",
                        "attributes": {
                            "etag": "W/\"9bb6fdfa4dfbc72b99f4a30f28665e5f\"",
                            "id": "2830432:JHjava",
                            "role": "maintainer",
                            "team_id": "2830432",
                            "username": "JHjava"
                        },
                        "meta": {},
                        "tainted": false
                    },
                    "deposed": [],
                    "provider": "provider.github"
                }
            },
            "depends_on": []
        },
        {
            "path": [
                "root",
                "user_jkunle"
            ],
            "outputs": {},
            "resources": {
                "data.github_team.approvers_team": {
                    "type": "github_team",
                    "depends_on": [],
                    "primary": {
                        "id": "3101758",
                        "attributes": {
                            "description": "Verify tech team: verify-tech-team-approvers",
                            "id": "3101758",
                            "members.#": "30",
                            "members.0": "idrop",
                            "members.1": "46bit",
                            "members.10": "tlwr",
                            "members.11": "kerrr",
                            "members.12": "robinmitra",
                            "members.13": "brenetic",
                            "members.14": "CharlesIC",
                            "members.15": "sakisv",
                            "members.16": "ronocg",
                            "members.17": "Rosa-Fox",
                            "members.18": "chrisclayson",
                            "members.19": "smford",
                            "members.2": "galund",
                            "members.20": "blairboy362",
                            "members.21": "Wynndow",
                            "members.22": "andy-paine",
                            "members.23": "tomrosier",
                            "members.24": "bjgill",
                            "members.25": "bravegrape",
                            "members.26": "jstandring-gds",
                            "members.27": "mhussein-gds",
                            "members.28": "adityapahuja",
                            "members.29": "rhowe-gds",
                            "members.3": "issyl0",
                            "members.4": "mrwilson",
                            "members.5": "philandstuff",
                            "members.6": "chrisholmes",
                            "members.7": "Krenair",
                            "members.8": "thomasalanlee",
                            "members.9": "mmhmm",
                            "name": "verify-tech-team-approvers",
                            "permission": "pull",
                            "privacy": "closed",
                            "slug": "verify-tech-team-approvers"
                        },
                        "meta": {},
                        "tainted": false
                    },
                    "deposed": [],
                    "provider": "provider.github"
                },
                "data.github_team.tech_team": {
                    "type": "github_team",
                    "depends_on": [],
                    "primary": {
                        "id": "2830432",
                        "attributes": {
                            "description": "Verify Tech Team",
                            "id": "2830432",
                            "members.#": "30",
                            "members.0": "idrop",
                            "members.1": "46bit",
                            "members.10": "tlwr",
                            "members.11": "kerrr",
                            "members.12": "zilnhoj",
                            "members.13": "Todai88",
                            "members.14": "robinmitra",
                            "members.15": "brenetic",
                            "members.16": "nacnudus",
                            "members.17": "CharlesIC",
                            "members.18": "jkunle",
                            "members.19": "sakisv",
                            "members.2": "galund",
                            "members.20": "stephengrier",
                            "members.21": "ronocg",
                            "members.22": "Rosa-Fox",
                            "members.23": "AnneCarr",
                            "members.24": "ida-build-bot",
                            "members.25": "chrisclayson",
                            "members.26": "smford",
                            "members.27": "blairboy362",
                            "members.28": "Wynndow",
                            "members.29": "andy-paine",
                            "members.3": "issyl0",
                            "members.4": "mrwilson",
                            "members.5": "philandstuff",
                            "members.6": "chrisholmes",
                            "members.7": "Krenair",
                            "members.8": "thomasalanlee",
                            "members.9": "mmhmm",
                            "name": "verify-tech-team",
                            "permission": "pull",
                            "privacy": "closed",
                            "slug": "verify-tech-team"
                        },
                        "meta": {},
                        "tainted": false
                    },
                    "deposed": [],
                    "provider": "provider.github"
                },
                "github_team_membership.team_membership": {
                    "type": "github_team_membership",
                    "depends_on": [],
                    "primary": {
                        "id": "2826122:jkunle",
                        "attributes": {
                            "etag": "W/\"0f30f059fb48396b4099558ee8f444ae\"",
                            "id": "2826122:jkunle",
                            "role": "member",
                            "team_id": "2826122",
                            "username": "jkunle"
                        },
                        "meta": {},
                        "tainted": false
                    },
                    "deposed": [],
                    "provider": "provider.github"
                }
            },
            "depends_on": []
        },
        {
            "path": [
                "root",
                "user_johnwattsgds"
            ],
            "outputs": {},
            "resources": {
                "data.github_team.approvers_team": {
                    "type": "github_team",
                    "depends_on": [],
                    "primary": {
                        "id": "3101758",
                        "attributes": {
                            "description": "Verify tech team: verify-tech-team-approvers",
                            "id": "3101758",
                            "members.#": "30",
                            "members.0": "idrop",
                            "members.1": "46bit",
                            "members.10": "tlwr",
                            "members.11": "kerrr",
                            "members.12": "robinmitra",
                            "members.13": "brenetic",
                            "members.14": "CharlesIC",
                            "members.15": "sakisv",
                            "members.16": "ronocg",
                            "members.17": "Rosa-Fox",
                            "members.18": "chrisclayson",
                            "members.19": "smford",
                            "members.2": "galund",
                            "members.20": "blairboy362",
                            "members.21": "Wynndow",
                            "members.22": "andy-paine",
                            "members.23": "tomrosier",
                            "members.24": "bjgill",
                            "members.25": "bravegrape",
                            "members.26": "jstandring-gds",
                            "members.27": "mhussein-gds",
                            "members.28": "adityapahuja",
                            "members.29": "rhowe-gds",
                            "members.3": "issyl0",
                            "members.4": "mrwilson",
                            "members.5": "philandstuff",
                            "members.6": "chrisholmes",
                            "members.7": "Krenair",
                            "members.8": "thomasalanlee",
                            "members.9": "mmhmm",
                            "name": "verify-tech-team-approvers",
                            "permission": "pull",
                            "privacy": "closed",
                            "slug": "verify-tech-team-approvers"
                        },
                        "meta": {},
                        "tainted": false
                    },
                    "deposed": [],
                    "provider": "provider.github"
                },
                "data.github_team.tech_team": {
                    "type": "github_team",
                    "depends_on": [],
                    "primary": {
                        "id": "2830432",
                        "attributes": {
                            "description": "Verify Tech Team",
                            "id": "2830432",
                            "members.#": "30",
                            "members.0": "idrop",
                            "members.1": "46bit",
                            "members.10": "tlwr",
                            "members.11": "kerrr",
                            "members.12": "zilnhoj",
                            "members.13": "Todai88",
                            "members.14": "robinmitra",
                            "members.15": "brenetic",
                            "members.16": "nacnudus",
                            "members.17": "CharlesIC",
                            "members.18": "jkunle",
                            "members.19": "sakisv",
                            "members.2": "galund",
                            "members.20": "stephengrier",
                            "members.21": "ronocg",
                            "members.22": "Rosa-Fox",
                            "members.23": "AnneCarr",
                            "members.24": "ida-build-bot",
                            "members.25": "chrisclayson",
                            "members.26": "smford",
                            "members.27": "blairboy362",
                            "members.28": "Wynndow",
                            "members.29": "andy-paine",
                            "members.3": "issyl0",
                            "members.4": "mrwilson",
                            "members.5": "philandstuff",
                            "members.6": "chrisholmes",
                            "members.7": "Krenair",
                            "members.8": "thomasalanlee",
                            "members.9": "mmhmm",
                            "name": "verify-tech-team",
                            "permission": "pull",
                            "privacy": "closed",
                            "slug": "verify-tech-team"
                        },
                        "meta": {},
                        "tainted": false
                    },
                    "deposed": [],
                    "provider": "provider.github"
                },
                "github_team_membership.team_membership.0": {
                    "type": "github_team_membership",
                    "depends_on": [],
                    "primary": {
                        "id": "2826122:johnwattsgds",
                        "attributes": {
                            "etag": "W/\"313eef41e820325d486500dae175dc04\"",
                            "id": "2826122:johnwattsgds",
                            "role": "member",
                            "team_id": "2826122",
                            "username": "JohnWattsGDS"
                        },
                        "meta": {},
                        "tainted": false
                    },
                    "deposed": [],
                    "provider": "provider.github"
                },
                "github_team_membership.team_membership.1": {
                    "type": "github_team_membership",
                    "depends_on": [],
                    "primary": {
                        "id": "2826126:JohnWattsGDS",
                        "attributes": {
                            "etag": "W/\"d33a1404c9dc653dd2d570a9cbb27500\"",
                            "id": "2826126:JohnWattsGDS",
                            "role": "member",
                            "team_id": "2826126",
                            "username": "JohnWattsGDS"
                        },
                        "meta": {},
                        "tainted": false
                    },
                    "deposed": [],
                    "provider": "provider.github"
                },
                "github_team_membership.tech_team_approver": {
                    "type": "github_team_membership",
                    "depends_on": [
                        "data.github_team.approvers_team"
                    ],
                    "primary": {
                        "id": "3101758:JohnWattsGDS",
                        "attributes": {
                            "etag": "W/\"d63328c7dbd6fbf69124616ebce1d197\"",
                            "id": "3101758:JohnWattsGDS",
                            "role": "member",
                            "team_id": "3101758",
                            "username": "JohnWattsGDS"
                        },
                        "meta": {},
                        "tainted": false
                    },
                    "deposed": [],
                    "provider": "provider.github"
                }
            },
            "depends_on": []
        },
        {
            "path": [
                "root",
                "user_jstandring_gds"
            ],
            "outputs": {},
            "resources": {
                "data.github_team.approvers_team": {
                    "type": "github_team",
                    "depends_on": [],
                    "primary": {
                        "id": "3101758",
                        "attributes": {
                            "description": "Verify tech team: verify-tech-team-approvers",
                            "id": "3101758",
                            "members.#": "30",
                            "members.0": "idrop",
                            "members.1": "46bit",
                            "members.10": "tlwr",
                            "members.11": "kerrr",
                            "members.12": "robinmitra",
                            "members.13": "brenetic",
                            "members.14": "CharlesIC",
                            "members.15": "sakisv",
                            "members.16": "ronocg",
                            "members.17": "Rosa-Fox",
                            "members.18": "chrisclayson",
                            "members.19": "smford",
                            "members.2": "galund",
                            "members.20": "blairboy362",
                            "members.21": "Wynndow",
                            "members.22": "andy-paine",
                            "members.23": "tomrosier",
                            "members.24": "bjgill",
                            "members.25": "bravegrape",
                            "members.26": "jstandring-gds",
                            "members.27": "mhussein-gds",
                            "members.28": "adityapahuja",
                            "members.29": "rhowe-gds",
                            "members.3": "issyl0",
                            "members.4": "mrwilson",
                            "members.5": "philandstuff",
                            "members.6": "chrisholmes",
                            "members.7": "Krenair",
                            "members.8": "thomasalanlee",
                            "members.9": "mmhmm",
                            "name": "verify-tech-team-approvers",
                            "permission": "pull",
                            "privacy": "closed",
                            "slug": "verify-tech-team-approvers"
                        },
                        "meta": {},
                        "tainted": false
                    },
                    "deposed": [],
                    "provider": "provider.github"
                },
                "data.github_team.tech_team": {
                    "type": "github_team",
                    "depends_on": [],
                    "primary": {
                        "id": "2830432",
                        "attributes": {
                            "description": "Verify Tech Team",
                            "id": "2830432",
                            "members.#": "30",
                            "members.0": "idrop",
                            "members.1": "46bit",
                            "members.10": "tlwr",
                            "members.11": "kerrr",
                            "members.12": "zilnhoj",
                            "members.13": "Todai88",
                            "members.14": "robinmitra",
                            "members.15": "brenetic",
                            "members.16": "nacnudus",
                            "members.17": "CharlesIC",
                            "members.18": "jkunle",
                            "members.19": "sakisv",
                            "members.2": "galund",
                            "members.20": "stephengrier",
                            "members.21": "ronocg",
                            "members.22": "Rosa-Fox",
                            "members.23": "AnneCarr",
                            "members.24": "ida-build-bot",
                            "members.25": "chrisclayson",
                            "members.26": "smford",
                            "members.27": "blairboy362",
                            "members.28": "Wynndow",
                            "members.29": "andy-paine",
                            "members.3": "issyl0",
                            "members.4": "mrwilson",
                            "members.5": "philandstuff",
                            "members.6": "chrisholmes",
                            "members.7": "Krenair",
                            "members.8": "thomasalanlee",
                            "members.9": "mmhmm",
                            "name": "verify-tech-team",
                            "permission": "pull",
                            "privacy": "closed",
                            "slug": "verify-tech-team"
                        },
                        "meta": {},
                        "tainted": false
                    },
                    "deposed": [],
                    "provider": "provider.github"
                },
                "github_team_membership.team_membership": {
                    "type": "github_team_membership",
                    "depends_on": [],
                    "primary": {
                        "id": "2826127:jstandring-gds",
                        "attributes": {
                            "etag": "W/\"031dd4f2d58926499ff17dfef3f815cd\"",
                            "id": "2826127:jstandring-gds",
                            "role": "member",
                            "team_id": "2826127",
                            "username": "jstandring-gds"
                        },
                        "meta": {},
                        "tainted": false
                    },
                    "deposed": [],
                    "provider": "provider.github"
                },
                "github_team_membership.tech_team_approver": {
                    "type": "github_team_membership",
                    "depends_on": [
                        "data.github_team.approvers_team"
                    ],
                    "primary": {
                        "id": "3101758:jstandring-gds",
                        "attributes": {
                            "etag": "W/\"876b5ac6ead474ae93e860f327f51b95\"",
                            "id": "3101758:jstandring-gds",
                            "role": "member",
                            "team_id": "3101758",
                            "username": "jstandring-gds"
                        },
                        "meta": {},
                        "tainted": false
                    },
                    "deposed": [],
                    "provider": "provider.github"
                }
            },
            "depends_on": []
        },
        {
            "path": [
                "root",
                "user_kerrr"
            ],
            "outputs": {},
            "resources": {
                "data.github_team.approvers_team": {
                    "type": "github_team",
                    "depends_on": [],
                    "primary": {
                        "id": "3101758",
                        "attributes": {
                            "description": "Verify tech team: verify-tech-team-approvers",
                            "id": "3101758",
                            "members.#": "30",
                            "members.0": "idrop",
                            "members.1": "46bit",
                            "members.10": "tlwr",
                            "members.11": "kerrr",
                            "members.12": "robinmitra",
                            "members.13": "brenetic",
                            "members.14": "CharlesIC",
                            "members.15": "sakisv",
                            "members.16": "ronocg",
                            "members.17": "Rosa-Fox",
                            "members.18": "chrisclayson",
                            "members.19": "smford",
                            "members.2": "galund",
                            "members.20": "blairboy362",
                            "members.21": "Wynndow",
                            "members.22": "andy-paine",
                            "members.23": "tomrosier",
                            "members.24": "bjgill",
                            "members.25": "bravegrape",
                            "members.26": "jstandring-gds",
                            "members.27": "mhussein-gds",
                            "members.28": "adityapahuja",
                            "members.29": "rhowe-gds",
                            "members.3": "issyl0",
                            "members.4": "mrwilson",
                            "members.5": "philandstuff",
                            "members.6": "chrisholmes",
                            "members.7": "Krenair",
                            "members.8": "thomasalanlee",
                            "members.9": "mmhmm",
                            "name": "verify-tech-team-approvers",
                            "permission": "pull",
                            "privacy": "closed",
                            "slug": "verify-tech-team-approvers"
                        },
                        "meta": {},
                        "tainted": false
                    },
                    "deposed": [],
                    "provider": "provider.github"
                },
                "data.github_team.tech_team": {
                    "type": "github_team",
                    "depends_on": [],
                    "primary": {
                        "id": "2830432",
                        "attributes": {
                            "description": "Verify Tech Team",
                            "id": "2830432",
                            "members.#": "30",
                            "members.0": "idrop",
                            "members.1": "46bit",
                            "members.10": "tlwr",
                            "members.11": "kerrr",
                            "members.12": "zilnhoj",
                            "members.13": "Todai88",
                            "members.14": "robinmitra",
                            "members.15": "brenetic",
                            "members.16": "nacnudus",
                            "members.17": "CharlesIC",
                            "members.18": "jkunle",
                            "members.19": "sakisv",
                            "members.2": "galund",
                            "members.20": "stephengrier",
                            "members.21": "ronocg",
                            "members.22": "Rosa-Fox",
                            "members.23": "AnneCarr",
                            "members.24": "ida-build-bot",
                            "members.25": "chrisclayson",
                            "members.26": "smford",
                            "members.27": "blairboy362",
                            "members.28": "Wynndow",
                            "members.29": "andy-paine",
                            "members.3": "issyl0",
                            "members.4": "mrwilson",
                            "members.5": "philandstuff",
                            "members.6": "chrisholmes",
                            "members.7": "Krenair",
                            "members.8": "thomasalanlee",
                            "members.9": "mmhmm",
                            "name": "verify-tech-team",
                            "permission": "pull",
                            "privacy": "closed",
                            "slug": "verify-tech-team"
                        },
                        "meta": {},
                        "tainted": false
                    },
                    "deposed": [],
                    "provider": "provider.github"
                },
                "github_team_membership.team_membership": {
                    "type": "github_team_membership",
                    "depends_on": [],
                    "primary": {
                        "id": "2826122:kerrr",
                        "attributes": {
                            "etag": "W/\"d132cec2a7d7545e778f028278047987\"",
                            "id": "2826122:kerrr",
                            "role": "member",
                            "team_id": "2826122",
                            "username": "kerrr"
                        },
                        "meta": {},
                        "tainted": false
                    },
                    "deposed": [],
                    "provider": "provider.github"
                },
                "github_team_membership.tech_team_approver": {
                    "type": "github_team_membership",
                    "depends_on": [
                        "data.github_team.approvers_team"
                    ],
                    "primary": {
                        "id": "3101758:kerrr",
                        "attributes": {
                            "etag": "W/\"6df36c1f96f121ec36861a285c20b2ee\"",
                            "id": "3101758:kerrr",
                            "role": "member",
                            "team_id": "3101758",
                            "username": "kerrr"
                        },
                        "meta": {},
                        "tainted": false
                    },
                    "deposed": [],
                    "provider": "provider.github"
                }
            },
            "depends_on": []
        },
        {
            "path": [
                "root",
                "user_mariaslo"
            ],
            "outputs": {},
            "resources": {
                "data.github_team.approvers_team": {
                    "type": "github_team",
                    "depends_on": [],
                    "primary": {
                        "id": "3101758",
                        "attributes": {
                            "description": "Verify tech team: verify-tech-team-approvers",
                            "id": "3101758",
                            "members.#": "30",
                            "members.0": "idrop",
                            "members.1": "46bit",
                            "members.10": "tlwr",
                            "members.11": "kerrr",
                            "members.12": "robinmitra",
                            "members.13": "brenetic",
                            "members.14": "CharlesIC",
                            "members.15": "sakisv",
                            "members.16": "ronocg",
                            "members.17": "Rosa-Fox",
                            "members.18": "chrisclayson",
                            "members.19": "smford",
                            "members.2": "galund",
                            "members.20": "blairboy362",
                            "members.21": "Wynndow",
                            "members.22": "andy-paine",
                            "members.23": "tomrosier",
                            "members.24": "bjgill",
                            "members.25": "bravegrape",
                            "members.26": "jstandring-gds",
                            "members.27": "mhussein-gds",
                            "members.28": "adityapahuja",
                            "members.29": "rhowe-gds",
                            "members.3": "issyl0",
                            "members.4": "mrwilson",
                            "members.5": "philandstuff",
                            "members.6": "chrisholmes",
                            "members.7": "Krenair",
                            "members.8": "thomasalanlee",
                            "members.9": "mmhmm",
                            "name": "verify-tech-team-approvers",
                            "permission": "pull",
                            "privacy": "closed",
                            "slug": "verify-tech-team-approvers"
                        },
                        "meta": {},
                        "tainted": false
                    },
                    "deposed": [],
                    "provider": "provider.github"
                },
                "data.github_team.tech_team": {
                    "type": "github_team",
                    "depends_on": [],
                    "primary": {
                        "id": "2830432",
                        "attributes": {
                            "description": "Verify Tech Team",
                            "id": "2830432",
                            "members.#": "30",
                            "members.0": "idrop",
                            "members.1": "46bit",
                            "members.10": "tlwr",
                            "members.11": "kerrr",
                            "members.12": "zilnhoj",
                            "members.13": "Todai88",
                            "members.14": "robinmitra",
                            "members.15": "brenetic",
                            "members.16": "nacnudus",
                            "members.17": "CharlesIC",
                            "members.18": "jkunle",
                            "members.19": "sakisv",
                            "members.2": "galund",
                            "members.20": "stephengrier",
                            "members.21": "ronocg",
                            "members.22": "Rosa-Fox",
                            "members.23": "AnneCarr",
                            "members.24": "ida-build-bot",
                            "members.25": "chrisclayson",
                            "members.26": "smford",
                            "members.27": "blairboy362",
                            "members.28": "Wynndow",
                            "members.29": "andy-paine",
                            "members.3": "issyl0",
                            "members.4": "mrwilson",
                            "members.5": "philandstuff",
                            "members.6": "chrisholmes",
                            "members.7": "Krenair",
                            "members.8": "thomasalanlee",
                            "members.9": "mmhmm",
                            "name": "verify-tech-team",
                            "permission": "pull",
                            "privacy": "closed",
                            "slug": "verify-tech-team"
                        },
                        "meta": {},
                        "tainted": false
                    },
                    "deposed": [],
                    "provider": "provider.github"
                },
                "github_team_membership.team_membership": {
                    "type": "github_team_membership",
                    "depends_on": [],
                    "primary": {
                        "id": "2826122:Mariaslo",
                        "attributes": {
                            "etag": "W/\"12dc5d3001dacbbe36be0ce9c1de57a6\"",
                            "id": "2826122:Mariaslo",
                            "role": "member",
                            "team_id": "2826122",
                            "username": "Mariaslo"
                        },
                        "meta": {},
                        "tainted": false
                    },
                    "deposed": [],
                    "provider": "provider.github"
                }
            },
            "depends_on": []
        },
        {
            "path": [
                "root",
                "user_mhussein_gds"
            ],
            "outputs": {},
            "resources": {
                "data.github_team.approvers_team": {
                    "type": "github_team",
                    "depends_on": [],
                    "primary": {
                        "id": "3101758",
                        "attributes": {
                            "description": "Verify tech team: verify-tech-team-approvers",
                            "id": "3101758",
                            "members.#": "30",
                            "members.0": "idrop",
                            "members.1": "46bit",
                            "members.10": "tlwr",
                            "members.11": "kerrr",
                            "members.12": "robinmitra",
                            "members.13": "brenetic",
                            "members.14": "CharlesIC",
                            "members.15": "sakisv",
                            "members.16": "ronocg",
                            "members.17": "Rosa-Fox",
                            "members.18": "chrisclayson",
                            "members.19": "smford",
                            "members.2": "galund",
                            "members.20": "blairboy362",
                            "members.21": "Wynndow",
                            "members.22": "andy-paine",
                            "members.23": "tomrosier",
                            "members.24": "bjgill",
                            "members.25": "bravegrape",
                            "members.26": "jstandring-gds",
                            "members.27": "mhussein-gds",
                            "members.28": "adityapahuja",
                            "members.29": "rhowe-gds",
                            "members.3": "issyl0",
                            "members.4": "mrwilson",
                            "members.5": "philandstuff",
                            "members.6": "chrisholmes",
                            "members.7": "Krenair",
                            "members.8": "thomasalanlee",
                            "members.9": "mmhmm",
                            "name": "verify-tech-team-approvers",
                            "permission": "pull",
                            "privacy": "closed",
                            "slug": "verify-tech-team-approvers"
                        },
                        "meta": {},
                        "tainted": false
                    },
                    "deposed": [],
                    "provider": "provider.github"
                },
                "data.github_team.tech_team": {
                    "type": "github_team",
                    "depends_on": [],
                    "primary": {
                        "id": "2830432",
                        "attributes": {
                            "description": "Verify Tech Team",
                            "id": "2830432",
                            "members.#": "30",
                            "members.0": "idrop",
                            "members.1": "46bit",
                            "members.10": "tlwr",
                            "members.11": "kerrr",
                            "members.12": "zilnhoj",
                            "members.13": "Todai88",
                            "members.14": "robinmitra",
                            "members.15": "brenetic",
                            "members.16": "nacnudus",
                            "members.17": "CharlesIC",
                            "members.18": "jkunle",
                            "members.19": "sakisv",
                            "members.2": "galund",
                            "members.20": "stephengrier",
                            "members.21": "ronocg",
                            "members.22": "Rosa-Fox",
                            "members.23": "AnneCarr",
                            "members.24": "ida-build-bot",
                            "members.25": "chrisclayson",
                            "members.26": "smford",
                            "members.27": "blairboy362",
                            "members.28": "Wynndow",
                            "members.29": "andy-paine",
                            "members.3": "issyl0",
                            "members.4": "mrwilson",
                            "members.5": "philandstuff",
                            "members.6": "chrisholmes",
                            "members.7": "Krenair",
                            "members.8": "thomasalanlee",
                            "members.9": "mmhmm",
                            "name": "verify-tech-team",
                            "permission": "pull",
                            "privacy": "closed",
                            "slug": "verify-tech-team"
                        },
                        "meta": {},
                        "tainted": false
                    },
                    "deposed": [],
                    "provider": "provider.github"
                },
                "github_team_membership.team_membership": {
                    "type": "github_team_membership",
                    "depends_on": [],
                    "primary": {
                        "id": "2826122:mhussein-gds",
                        "attributes": {
                            "etag": "W/\"d61d2f8ba093b6517a83e5fc6eedef3d\"",
                            "id": "2826122:mhussein-gds",
                            "role": "member",
                            "team_id": "2826122",
                            "username": "mhussein-gds"
                        },
                        "meta": {},
                        "tainted": false
                    },
                    "deposed": [],
                    "provider": "provider.github"
                },
                "github_team_membership.tech_team_approver": {
                    "type": "github_team_membership",
                    "depends_on": [
                        "data.github_team.approvers_team"
                    ],
                    "primary": {
                        "id": "3101758:mhussein-gds",
                        "attributes": {
                            "etag": "W/\"630deed26e64142a1a3c2bb0ae876261\"",
                            "id": "3101758:mhussein-gds",
                            "role": "member",
                            "team_id": "3101758",
                            "username": "mhussein-gds"
                        },
                        "meta": {},
                        "tainted": false
                    },
                    "deposed": [],
                    "provider": "provider.github"
                }
            },
            "depends_on": []
        },
        {
            "path": [
                "root",
                "user_mmhmm"
            ],
            "outputs": {},
            "resources": {
                "data.github_team.approvers_team": {
                    "type": "github_team",
                    "depends_on": [],
                    "primary": {
                        "id": "3101758",
                        "attributes": {
                            "description": "Verify tech team: verify-tech-team-approvers",
                            "id": "3101758",
                            "members.#": "30",
                            "members.0": "idrop",
                            "members.1": "46bit",
                            "members.10": "tlwr",
                            "members.11": "kerrr",
                            "members.12": "robinmitra",
                            "members.13": "brenetic",
                            "members.14": "CharlesIC",
                            "members.15": "sakisv",
                            "members.16": "ronocg",
                            "members.17": "Rosa-Fox",
                            "members.18": "chrisclayson",
                            "members.19": "smford",
                            "members.2": "galund",
                            "members.20": "blairboy362",
                            "members.21": "Wynndow",
                            "members.22": "andy-paine",
                            "members.23": "tomrosier",
                            "members.24": "bjgill",
                            "members.25": "bravegrape",
                            "members.26": "jstandring-gds",
                            "members.27": "mhussein-gds",
                            "members.28": "adityapahuja",
                            "members.29": "rhowe-gds",
                            "members.3": "issyl0",
                            "members.4": "mrwilson",
                            "members.5": "philandstuff",
                            "members.6": "chrisholmes",
                            "members.7": "Krenair",
                            "members.8": "thomasalanlee",
                            "members.9": "mmhmm",
                            "name": "verify-tech-team-approvers",
                            "permission": "pull",
                            "privacy": "closed",
                            "slug": "verify-tech-team-approvers"
                        },
                        "meta": {},
                        "tainted": false
                    },
                    "deposed": [],
                    "provider": "provider.github"
                },
                "data.github_team.tech_team": {
                    "type": "github_team",
                    "depends_on": [],
                    "primary": {
                        "id": "2830432",
                        "attributes": {
                            "description": "Verify Tech Team",
                            "id": "2830432",
                            "members.#": "30",
                            "members.0": "idrop",
                            "members.1": "46bit",
                            "members.10": "tlwr",
                            "members.11": "kerrr",
                            "members.12": "zilnhoj",
                            "members.13": "Todai88",
                            "members.14": "robinmitra",
                            "members.15": "brenetic",
                            "members.16": "nacnudus",
                            "members.17": "CharlesIC",
                            "members.18": "jkunle",
                            "members.19": "sakisv",
                            "members.2": "galund",
                            "members.20": "stephengrier",
                            "members.21": "ronocg",
                            "members.22": "Rosa-Fox",
                            "members.23": "AnneCarr",
                            "members.24": "ida-build-bot",
                            "members.25": "chrisclayson",
                            "members.26": "smford",
                            "members.27": "blairboy362",
                            "members.28": "Wynndow",
                            "members.29": "andy-paine",
                            "members.3": "issyl0",
                            "members.4": "mrwilson",
                            "members.5": "philandstuff",
                            "members.6": "chrisholmes",
                            "members.7": "Krenair",
                            "members.8": "thomasalanlee",
                            "members.9": "mmhmm",
                            "name": "verify-tech-team",
                            "permission": "pull",
                            "privacy": "closed",
                            "slug": "verify-tech-team"
                        },
                        "meta": {},
                        "tainted": false
                    },
                    "deposed": [],
                    "provider": "provider.github"
                },
                "github_team_membership.team_membership": {
                    "type": "github_team_membership",
                    "depends_on": [],
                    "primary": {
                        "id": "2826127:mmhmm",
                        "attributes": {
                            "etag": "W/\"948a72aac37523494105eed6eb295421\"",
                            "id": "2826127:mmhmm",
                            "role": "member",
                            "team_id": "2826127",
                            "username": "mmhmm"
                        },
                        "meta": {},
                        "tainted": false
                    },
                    "deposed": [],
                    "provider": "provider.github"
                },
                "github_team_membership.tech_team_approver": {
                    "type": "github_team_membership",
                    "depends_on": [
                        "data.github_team.approvers_team"
                    ],
                    "primary": {
                        "id": "3101758:mmhmm",
                        "attributes": {
                            "etag": "W/\"c41eac8946770804962a548b868d374e\"",
                            "id": "3101758:mmhmm",
                            "role": "member",
                            "team_id": "3101758",
                            "username": "mmhmm"
                        },
                        "meta": {},
                        "tainted": false
                    },
                    "deposed": [],
                    "provider": "provider.github"
                }
            },
            "depends_on": []
        },
        {
            "path": [
                "root",
                "user_mrwilson"
            ],
            "outputs": {},
            "resources": {
                "data.github_team.approvers_team": {
                    "type": "github_team",
                    "depends_on": [],
                    "primary": {
                        "id": "3101758",
                        "attributes": {
                            "description": "Verify tech team: verify-tech-team-approvers",
                            "id": "3101758",
                            "members.#": "30",
                            "members.0": "idrop",
                            "members.1": "46bit",
                            "members.10": "tlwr",
                            "members.11": "kerrr",
                            "members.12": "robinmitra",
                            "members.13": "brenetic",
                            "members.14": "CharlesIC",
                            "members.15": "sakisv",
                            "members.16": "ronocg",
                            "members.17": "Rosa-Fox",
                            "members.18": "chrisclayson",
                            "members.19": "smford",
                            "members.2": "galund",
                            "members.20": "blairboy362",
                            "members.21": "Wynndow",
                            "members.22": "andy-paine",
                            "members.23": "tomrosier",
                            "members.24": "bjgill",
                            "members.25": "bravegrape",
                            "members.26": "jstandring-gds",
                            "members.27": "mhussein-gds",
                            "members.28": "adityapahuja",
                            "members.29": "rhowe-gds",
                            "members.3": "issyl0",
                            "members.4": "mrwilson",
                            "members.5": "philandstuff",
                            "members.6": "chrisholmes",
                            "members.7": "Krenair",
                            "members.8": "thomasalanlee",
                            "members.9": "mmhmm",
                            "name": "verify-tech-team-approvers",
                            "permission": "pull",
                            "privacy": "closed",
                            "slug": "verify-tech-team-approvers"
                        },
                        "meta": {},
                        "tainted": false
                    },
                    "deposed": [],
                    "provider": "provider.github"
                },
                "data.github_team.tech_team": {
                    "type": "github_team",
                    "depends_on": [],
                    "primary": {
                        "id": "2830432",
                        "attributes": {
                            "description": "Verify Tech Team",
                            "id": "2830432",
                            "members.#": "30",
                            "members.0": "idrop",
                            "members.1": "46bit",
                            "members.10": "tlwr",
                            "members.11": "kerrr",
                            "members.12": "zilnhoj",
                            "members.13": "Todai88",
                            "members.14": "robinmitra",
                            "members.15": "brenetic",
                            "members.16": "nacnudus",
                            "members.17": "CharlesIC",
                            "members.18": "jkunle",
                            "members.19": "sakisv",
                            "members.2": "galund",
                            "members.20": "stephengrier",
                            "members.21": "ronocg",
                            "members.22": "Rosa-Fox",
                            "members.23": "AnneCarr",
                            "members.24": "ida-build-bot",
                            "members.25": "chrisclayson",
                            "members.26": "smford",
                            "members.27": "blairboy362",
                            "members.28": "Wynndow",
                            "members.29": "andy-paine",
                            "members.3": "issyl0",
                            "members.4": "mrwilson",
                            "members.5": "philandstuff",
                            "members.6": "chrisholmes",
                            "members.7": "Krenair",
                            "members.8": "thomasalanlee",
                            "members.9": "mmhmm",
                            "name": "verify-tech-team",
                            "permission": "pull",
                            "privacy": "closed",
                            "slug": "verify-tech-team"
                        },
                        "meta": {},
                        "tainted": false
                    },
                    "deposed": [],
                    "provider": "provider.github"
                },
                "github_team_membership.team_membership": {
                    "type": "github_team_membership",
                    "depends_on": [],
                    "primary": {
                        "id": "2826122:mrwilson",
                        "attributes": {
                            "etag": "W/\"16814d80d5e3d64fa2967a38c4959a82\"",
                            "id": "2826122:mrwilson",
                            "role": "member",
                            "team_id": "2826122",
                            "username": "mrwilson"
                        },
                        "meta": {},
                        "tainted": false
                    },
                    "deposed": [],
                    "provider": "provider.github"
                },
                "github_team_membership.tech_team_approver": {
                    "type": "github_team_membership",
                    "depends_on": [
                        "data.github_team.approvers_team"
                    ],
                    "primary": {
                        "id": "3101758:mrwilson",
                        "attributes": {
                            "etag": "W/\"11662152afbee850ebf5fef8569066d2\"",
                            "id": "3101758:mrwilson",
                            "role": "member",
                            "team_id": "3101758",
                            "username": "mrwilson"
                        },
                        "meta": {},
                        "tainted": false
                    },
                    "deposed": [],
                    "provider": "provider.github"
                }
            },
            "depends_on": []
        },
        {
            "path": [
                "root",
                "user_nacnudus"
            ],
            "outputs": {},
            "resources": {
                "data.github_team.approvers_team": {
                    "type": "github_team",
                    "depends_on": [],
                    "primary": {
                        "id": "3101758",
                        "attributes": {
                            "description": "Verify tech team: verify-tech-team-approvers",
                            "id": "3101758",
                            "members.#": "30",
                            "members.0": "idrop",
                            "members.1": "46bit",
                            "members.10": "tlwr",
                            "members.11": "kerrr",
                            "members.12": "robinmitra",
                            "members.13": "brenetic",
                            "members.14": "CharlesIC",
                            "members.15": "sakisv",
                            "members.16": "ronocg",
                            "members.17": "Rosa-Fox",
                            "members.18": "chrisclayson",
                            "members.19": "smford",
                            "members.2": "galund",
                            "members.20": "blairboy362",
                            "members.21": "Wynndow",
                            "members.22": "andy-paine",
                            "members.23": "tomrosier",
                            "members.24": "bjgill",
                            "members.25": "bravegrape",
                            "members.26": "jstandring-gds",
                            "members.27": "mhussein-gds",
                            "members.28": "adityapahuja",
                            "members.29": "rhowe-gds",
                            "members.3": "issyl0",
                            "members.4": "mrwilson",
                            "members.5": "philandstuff",
                            "members.6": "chrisholmes",
                            "members.7": "Krenair",
                            "members.8": "thomasalanlee",
                            "members.9": "mmhmm",
                            "name": "verify-tech-team-approvers",
                            "permission": "pull",
                            "privacy": "closed",
                            "slug": "verify-tech-team-approvers"
                        },
                        "meta": {},
                        "tainted": false
                    },
                    "deposed": [],
                    "provider": "provider.github"
                },
                "data.github_team.tech_team": {
                    "type": "github_team",
                    "depends_on": [],
                    "primary": {
                        "id": "2830432",
                        "attributes": {
                            "description": "Verify Tech Team",
                            "id": "2830432",
                            "members.#": "30",
                            "members.0": "idrop",
                            "members.1": "46bit",
                            "members.10": "tlwr",
                            "members.11": "kerrr",
                            "members.12": "zilnhoj",
                            "members.13": "Todai88",
                            "members.14": "robinmitra",
                            "members.15": "brenetic",
                            "members.16": "nacnudus",
                            "members.17": "CharlesIC",
                            "members.18": "jkunle",
                            "members.19": "sakisv",
                            "members.2": "galund",
                            "members.20": "stephengrier",
                            "members.21": "ronocg",
                            "members.22": "Rosa-Fox",
                            "members.23": "AnneCarr",
                            "members.24": "ida-build-bot",
                            "members.25": "chrisclayson",
                            "members.26": "smford",
                            "members.27": "blairboy362",
                            "members.28": "Wynndow",
                            "members.29": "andy-paine",
                            "members.3": "issyl0",
                            "members.4": "mrwilson",
                            "members.5": "philandstuff",
                            "members.6": "chrisholmes",
                            "members.7": "Krenair",
                            "members.8": "thomasalanlee",
                            "members.9": "mmhmm",
                            "name": "verify-tech-team",
                            "permission": "pull",
                            "privacy": "closed",
                            "slug": "verify-tech-team"
                        },
                        "meta": {},
                        "tainted": false
                    },
                    "deposed": [],
                    "provider": "provider.github"
                },
                "github_team_membership.team_membership": {
                    "type": "github_team_membership",
                    "depends_on": [],
                    "primary": {
                        "id": "2826122:nacnudus",
                        "attributes": {
                            "etag": "W/\"cff22d6d289280ec8b92f9dce53b4970\"",
                            "id": "2826122:nacnudus",
                            "role": "member",
                            "team_id": "2826122",
                            "username": "nacnudus"
                        },
                        "meta": {},
                        "tainted": false
                    },
                    "deposed": [],
                    "provider": "provider.github"
                }
            },
            "depends_on": []
        },
        {
            "path": [
                "root",
                "user_philandstuff"
            ],
            "outputs": {},
            "resources": {
                "data.github_team.approvers_team": {
                    "type": "github_team",
                    "depends_on": [],
                    "primary": {
                        "id": "3101758",
                        "attributes": {
                            "description": "Verify tech team: verify-tech-team-approvers",
                            "id": "3101758",
                            "members.#": "30",
                            "members.0": "idrop",
                            "members.1": "46bit",
                            "members.10": "tlwr",
                            "members.11": "kerrr",
                            "members.12": "robinmitra",
                            "members.13": "brenetic",
                            "members.14": "CharlesIC",
                            "members.15": "sakisv",
                            "members.16": "ronocg",
                            "members.17": "Rosa-Fox",
                            "members.18": "chrisclayson",
                            "members.19": "smford",
                            "members.2": "galund",
                            "members.20": "blairboy362",
                            "members.21": "Wynndow",
                            "members.22": "andy-paine",
                            "members.23": "tomrosier",
                            "members.24": "bjgill",
                            "members.25": "bravegrape",
                            "members.26": "jstandring-gds",
                            "members.27": "mhussein-gds",
                            "members.28": "adityapahuja",
                            "members.29": "rhowe-gds",
                            "members.3": "issyl0",
                            "members.4": "mrwilson",
                            "members.5": "philandstuff",
                            "members.6": "chrisholmes",
                            "members.7": "Krenair",
                            "members.8": "thomasalanlee",
                            "members.9": "mmhmm",
                            "name": "verify-tech-team-approvers",
                            "permission": "pull",
                            "privacy": "closed",
                            "slug": "verify-tech-team-approvers"
                        },
                        "meta": {},
                        "tainted": false
                    },
                    "deposed": [],
                    "provider": "provider.github"
                },
                "data.github_team.tech_team": {
                    "type": "github_team",
                    "depends_on": [],
                    "primary": {
                        "id": "2830432",
                        "attributes": {
                            "description": "Verify Tech Team",
                            "id": "2830432",
                            "members.#": "30",
                            "members.0": "idrop",
                            "members.1": "46bit",
                            "members.10": "tlwr",
                            "members.11": "kerrr",
                            "members.12": "zilnhoj",
                            "members.13": "Todai88",
                            "members.14": "robinmitra",
                            "members.15": "brenetic",
                            "members.16": "nacnudus",
                            "members.17": "CharlesIC",
                            "members.18": "jkunle",
                            "members.19": "sakisv",
                            "members.2": "galund",
                            "members.20": "stephengrier",
                            "members.21": "ronocg",
                            "members.22": "Rosa-Fox",
                            "members.23": "AnneCarr",
                            "members.24": "ida-build-bot",
                            "members.25": "chrisclayson",
                            "members.26": "smford",
                            "members.27": "blairboy362",
                            "members.28": "Wynndow",
                            "members.29": "andy-paine",
                            "members.3": "issyl0",
                            "members.4": "mrwilson",
                            "members.5": "philandstuff",
                            "members.6": "chrisholmes",
                            "members.7": "Krenair",
                            "members.8": "thomasalanlee",
                            "members.9": "mmhmm",
                            "name": "verify-tech-team",
                            "permission": "pull",
                            "privacy": "closed",
                            "slug": "verify-tech-team"
                        },
                        "meta": {},
                        "tainted": false
                    },
                    "deposed": [],
                    "provider": "provider.github"
                },
                "github_team_membership.team_membership.0": {
                    "type": "github_team_membership",
                    "depends_on": [],
                    "primary": {
                        "id": "2826122:philandstuff",
                        "attributes": {
                            "etag": "W/\"8ded1805bde2f36127b6a236fb82ee58\"",
                            "id": "2826122:philandstuff",
                            "role": "member",
                            "team_id": "2826122",
                            "username": "philandstuff"
                        },
                        "meta": {},
                        "tainted": false
                    },
                    "deposed": [],
                    "provider": "provider.github"
                },
                "github_team_membership.team_membership.1": {
                    "type": "github_team_membership",
                    "depends_on": [],
                    "primary": {
                        "id": "2826127:philandstuff",
                        "attributes": {
                            "etag": "W/\"b1e0d303dae05084d06bd04d0b6d0ca3\"",
                            "id": "2826127:philandstuff",
                            "role": "member",
                            "team_id": "2826127",
                            "username": "philandstuff"
                        },
                        "meta": {},
                        "tainted": false
                    },
                    "deposed": [],
                    "provider": "provider.github"
                },
                "github_team_membership.tech_team_approver": {
                    "type": "github_team_membership",
                    "depends_on": [
                        "data.github_team.approvers_team"
                    ],
                    "primary": {
                        "id": "3101758:philandstuff",
                        "attributes": {
                            "etag": "W/\"0bb59926a251377b31ba6f2c550dd863\"",
                            "id": "3101758:philandstuff",
                            "role": "member",
                            "team_id": "3101758",
                            "username": "philandstuff"
                        },
                        "meta": {},
                        "tainted": false
                    },
                    "deposed": [],
                    "provider": "provider.github"
                }
            },
            "depends_on": []
        },
        {
            "path": [
                "root",
                "user_racinghippo"
            ],
            "outputs": {},
            "resources": {
                "data.github_team.approvers_team": {
                    "type": "github_team",
                    "depends_on": [],
                    "primary": {
                        "id": "3101758",
                        "attributes": {
                            "description": "Verify tech team: verify-tech-team-approvers",
                            "id": "3101758",
                            "members.#": "30",
                            "members.0": "idrop",
                            "members.1": "46bit",
                            "members.10": "tlwr",
                            "members.11": "kerrr",
                            "members.12": "robinmitra",
                            "members.13": "brenetic",
                            "members.14": "CharlesIC",
                            "members.15": "sakisv",
                            "members.16": "ronocg",
                            "members.17": "Rosa-Fox",
                            "members.18": "chrisclayson",
                            "members.19": "smford",
                            "members.2": "galund",
                            "members.20": "blairboy362",
                            "members.21": "Wynndow",
                            "members.22": "andy-paine",
                            "members.23": "tomrosier",
                            "members.24": "bjgill",
                            "members.25": "bravegrape",
                            "members.26": "jstandring-gds",
                            "members.27": "mhussein-gds",
                            "members.28": "adityapahuja",
                            "members.29": "rhowe-gds",
                            "members.3": "issyl0",
                            "members.4": "mrwilson",
                            "members.5": "philandstuff",
                            "members.6": "chrisholmes",
                            "members.7": "Krenair",
                            "members.8": "thomasalanlee",
                            "members.9": "mmhmm",
                            "name": "verify-tech-team-approvers",
                            "permission": "pull",
                            "privacy": "closed",
                            "slug": "verify-tech-team-approvers"
                        },
                        "meta": {},
                        "tainted": false
                    },
                    "deposed": [],
                    "provider": "provider.github"
                },
                "data.github_team.tech_team": {
                    "type": "github_team",
                    "depends_on": [],
                    "primary": {
                        "id": "2830432",
                        "attributes": {
                            "description": "Verify Tech Team",
                            "id": "2830432",
                            "members.#": "30",
                            "members.0": "idrop",
                            "members.1": "46bit",
                            "members.10": "tlwr",
                            "members.11": "kerrr",
                            "members.12": "zilnhoj",
                            "members.13": "Todai88",
                            "members.14": "robinmitra",
                            "members.15": "brenetic",
                            "members.16": "nacnudus",
                            "members.17": "CharlesIC",
                            "members.18": "jkunle",
                            "members.19": "sakisv",
                            "members.2": "galund",
                            "members.20": "stephengrier",
                            "members.21": "ronocg",
                            "members.22": "Rosa-Fox",
                            "members.23": "AnneCarr",
                            "members.24": "ida-build-bot",
                            "members.25": "chrisclayson",
                            "members.26": "smford",
                            "members.27": "blairboy362",
                            "members.28": "Wynndow",
                            "members.29": "andy-paine",
                            "members.3": "issyl0",
                            "members.4": "mrwilson",
                            "members.5": "philandstuff",
                            "members.6": "chrisholmes",
                            "members.7": "Krenair",
                            "members.8": "thomasalanlee",
                            "members.9": "mmhmm",
                            "name": "verify-tech-team",
                            "permission": "pull",
                            "privacy": "closed",
                            "slug": "verify-tech-team"
                        },
                        "meta": {},
                        "tainted": false
                    },
                    "deposed": [],
                    "provider": "provider.github"
                },
                "github_team_membership.team_membership": {
                    "type": "github_team_membership",
                    "depends_on": [],
                    "primary": {
                        "id": "2826122:RacingHippo",
                        "attributes": {
                            "etag": "W/\"cea710d6817d5703b01f6c3b831459cf\"",
                            "id": "2826122:RacingHippo",
                            "role": "member",
                            "team_id": "2826122",
                            "username": "RacingHippo"
                        },
                        "meta": {},
                        "tainted": false
                    },
                    "deposed": [],
                    "provider": "provider.github"
                }
            },
            "depends_on": []
        },
        {
            "path": [
                "root",
                "user_rhowe_gds"
            ],
            "outputs": {},
            "resources": {
                "data.github_team.approvers_team": {
                    "type": "github_team",
                    "depends_on": [],
                    "primary": {
                        "id": "3101758",
                        "attributes": {
                            "description": "Verify tech team: verify-tech-team-approvers",
                            "id": "3101758",
                            "members.#": "30",
                            "members.0": "idrop",
                            "members.1": "46bit",
                            "members.10": "tlwr",
                            "members.11": "kerrr",
                            "members.12": "robinmitra",
                            "members.13": "brenetic",
                            "members.14": "CharlesIC",
                            "members.15": "sakisv",
                            "members.16": "ronocg",
                            "members.17": "Rosa-Fox",
                            "members.18": "chrisclayson",
                            "members.19": "smford",
                            "members.2": "galund",
                            "members.20": "blairboy362",
                            "members.21": "Wynndow",
                            "members.22": "andy-paine",
                            "members.23": "tomrosier",
                            "members.24": "bjgill",
                            "members.25": "bravegrape",
                            "members.26": "jstandring-gds",
                            "members.27": "mhussein-gds",
                            "members.28": "adityapahuja",
                            "members.29": "rhowe-gds",
                            "members.3": "issyl0",
                            "members.4": "mrwilson",
                            "members.5": "philandstuff",
                            "members.6": "chrisholmes",
                            "members.7": "Krenair",
                            "members.8": "thomasalanlee",
                            "members.9": "mmhmm",
                            "name": "verify-tech-team-approvers",
                            "permission": "pull",
                            "privacy": "closed",
                            "slug": "verify-tech-team-approvers"
                        },
                        "meta": {},
                        "tainted": false
                    },
                    "deposed": [],
                    "provider": "provider.github"
                },
                "data.github_team.tech_team": {
                    "type": "github_team",
                    "depends_on": [],
                    "primary": {
                        "id": "2830432",
                        "attributes": {
                            "description": "Verify Tech Team",
                            "id": "2830432",
                            "members.#": "30",
                            "members.0": "idrop",
                            "members.1": "46bit",
                            "members.10": "tlwr",
                            "members.11": "kerrr",
                            "members.12": "zilnhoj",
                            "members.13": "Todai88",
                            "members.14": "robinmitra",
                            "members.15": "brenetic",
                            "members.16": "nacnudus",
                            "members.17": "CharlesIC",
                            "members.18": "jkunle",
                            "members.19": "sakisv",
                            "members.2": "galund",
                            "members.20": "stephengrier",
                            "members.21": "ronocg",
                            "members.22": "Rosa-Fox",
                            "members.23": "AnneCarr",
                            "members.24": "ida-build-bot",
                            "members.25": "chrisclayson",
                            "members.26": "smford",
                            "members.27": "blairboy362",
                            "members.28": "Wynndow",
                            "members.29": "andy-paine",
                            "members.3": "issyl0",
                            "members.4": "mrwilson",
                            "members.5": "philandstuff",
                            "members.6": "chrisholmes",
                            "members.7": "Krenair",
                            "members.8": "thomasalanlee",
                            "members.9": "mmhmm",
                            "name": "verify-tech-team",
                            "permission": "pull",
                            "privacy": "closed",
                            "slug": "verify-tech-team"
                        },
                        "meta": {},
                        "tainted": false
                    },
                    "deposed": [],
                    "provider": "provider.github"
                },
                "github_team_membership.team_membership.0": {
                    "type": "github_team_membership",
                    "depends_on": [],
                    "primary": {
                        "id": "2826122:rhowe-gds",
                        "attributes": {
                            "etag": "W/\"10590298037f9d994ed288865ff92e47\"",
                            "id": "2826122:rhowe-gds",
                            "role": "member",
                            "team_id": "2826122",
                            "username": "rhowe-gds"
                        },
                        "meta": {},
                        "tainted": false
                    },
                    "deposed": [],
                    "provider": "provider.github"
                },
                "github_team_membership.team_membership.1": {
                    "type": "github_team_membership",
                    "depends_on": [],
                    "primary": {
                        "id": "2826127:rhowe-gds",
                        "attributes": {
                            "etag": "W/\"b7af6ed5dcba411c038634f4ba092fae\"",
                            "id": "2826127:rhowe-gds",
                            "role": "member",
                            "team_id": "2826127",
                            "username": "rhowe-gds"
                        },
                        "meta": {},
                        "tainted": false
                    },
                    "deposed": [],
                    "provider": "provider.github"
                },
                "github_team_membership.tech_team_approver": {
                    "type": "github_team_membership",
                    "depends_on": [
                        "data.github_team.approvers_team"
                    ],
                    "primary": {
                        "id": "3101758:rhowe-gds",
                        "attributes": {
                            "etag": "W/\"e1491e54f6d56ac60304c51dd9bad366\"",
                            "id": "3101758:rhowe-gds",
                            "role": "member",
                            "team_id": "3101758",
                            "username": "rhowe-gds"
                        },
                        "meta": {},
                        "tainted": false
                    },
                    "deposed": [],
                    "provider": "provider.github"
                }
            },
            "depends_on": []
        },
        {
            "path": [
                "root",
                "user_robinmitra"
            ],
            "outputs": {},
            "resources": {
                "data.github_team.approvers_team": {
                    "type": "github_team",
                    "depends_on": [],
                    "primary": {
                        "id": "3101758",
                        "attributes": {
                            "description": "Verify tech team: verify-tech-team-approvers",
                            "id": "3101758",
                            "members.#": "30",
                            "members.0": "idrop",
                            "members.1": "46bit",
                            "members.10": "tlwr",
                            "members.11": "kerrr",
                            "members.12": "robinmitra",
                            "members.13": "brenetic",
                            "members.14": "CharlesIC",
                            "members.15": "sakisv",
                            "members.16": "ronocg",
                            "members.17": "Rosa-Fox",
                            "members.18": "chrisclayson",
                            "members.19": "smford",
                            "members.2": "galund",
                            "members.20": "blairboy362",
                            "members.21": "Wynndow",
                            "members.22": "andy-paine",
                            "members.23": "tomrosier",
                            "members.24": "bjgill",
                            "members.25": "bravegrape",
                            "members.26": "jstandring-gds",
                            "members.27": "mhussein-gds",
                            "members.28": "adityapahuja",
                            "members.29": "rhowe-gds",
                            "members.3": "issyl0",
                            "members.4": "mrwilson",
                            "members.5": "philandstuff",
                            "members.6": "chrisholmes",
                            "members.7": "Krenair",
                            "members.8": "thomasalanlee",
                            "members.9": "mmhmm",
                            "name": "verify-tech-team-approvers",
                            "permission": "pull",
                            "privacy": "closed",
                            "slug": "verify-tech-team-approvers"
                        },
                        "meta": {},
                        "tainted": false
                    },
                    "deposed": [],
                    "provider": "provider.github"
                },
                "data.github_team.tech_team": {
                    "type": "github_team",
                    "depends_on": [],
                    "primary": {
                        "id": "2830432",
                        "attributes": {
                            "description": "Verify Tech Team",
                            "id": "2830432",
                            "members.#": "30",
                            "members.0": "idrop",
                            "members.1": "46bit",
                            "members.10": "tlwr",
                            "members.11": "kerrr",
                            "members.12": "zilnhoj",
                            "members.13": "Todai88",
                            "members.14": "robinmitra",
                            "members.15": "brenetic",
                            "members.16": "nacnudus",
                            "members.17": "CharlesIC",
                            "members.18": "jkunle",
                            "members.19": "sakisv",
                            "members.2": "galund",
                            "members.20": "stephengrier",
                            "members.21": "ronocg",
                            "members.22": "Rosa-Fox",
                            "members.23": "AnneCarr",
                            "members.24": "ida-build-bot",
                            "members.25": "chrisclayson",
                            "members.26": "smford",
                            "members.27": "blairboy362",
                            "members.28": "Wynndow",
                            "members.29": "andy-paine",
                            "members.3": "issyl0",
                            "members.4": "mrwilson",
                            "members.5": "philandstuff",
                            "members.6": "chrisholmes",
                            "members.7": "Krenair",
                            "members.8": "thomasalanlee",
                            "members.9": "mmhmm",
                            "name": "verify-tech-team",
                            "permission": "pull",
                            "privacy": "closed",
                            "slug": "verify-tech-team"
                        },
                        "meta": {},
                        "tainted": false
                    },
                    "deposed": [],
                    "provider": "provider.github"
                },
                "github_team_membership.team_membership": {
                    "type": "github_team_membership",
                    "depends_on": [],
                    "primary": {
                        "id": "2826122:robinmitra",
                        "attributes": {
                            "etag": "W/\"8adab7ec01ac34d138b4fdcc0ad8494e\"",
                            "id": "2826122:robinmitra",
                            "role": "member",
                            "team_id": "2826122",
                            "username": "robinmitra"
                        },
                        "meta": {},
                        "tainted": false
                    },
                    "deposed": [],
                    "provider": "provider.github"
                },
                "github_team_membership.tech_team_approver": {
                    "type": "github_team_membership",
                    "depends_on": [
                        "data.github_team.approvers_team"
                    ],
                    "primary": {
                        "id": "3101758:robinmitra",
                        "attributes": {
                            "etag": "W/\"c964d5ccba28cd3377c7c97fd07880bc\"",
                            "id": "3101758:robinmitra",
                            "role": "member",
                            "team_id": "3101758",
                            "username": "robinmitra"
                        },
                        "meta": {},
                        "tainted": false
                    },
                    "deposed": [],
                    "provider": "provider.github"
                }
            },
            "depends_on": []
        },
        {
            "path": [
                "root",
                "user_ronocg"
            ],
            "outputs": {},
            "resources": {
                "data.github_team.approvers_team": {
                    "type": "github_team",
                    "depends_on": [],
                    "primary": {
                        "id": "3101758",
                        "attributes": {
                            "description": "Verify tech team: verify-tech-team-approvers",
                            "id": "3101758",
                            "members.#": "30",
                            "members.0": "idrop",
                            "members.1": "46bit",
                            "members.10": "tlwr",
                            "members.11": "kerrr",
                            "members.12": "robinmitra",
                            "members.13": "brenetic",
                            "members.14": "CharlesIC",
                            "members.15": "sakisv",
                            "members.16": "ronocg",
                            "members.17": "Rosa-Fox",
                            "members.18": "chrisclayson",
                            "members.19": "smford",
                            "members.2": "galund",
                            "members.20": "blairboy362",
                            "members.21": "Wynndow",
                            "members.22": "andy-paine",
                            "members.23": "tomrosier",
                            "members.24": "bjgill",
                            "members.25": "bravegrape",
                            "members.26": "jstandring-gds",
                            "members.27": "mhussein-gds",
                            "members.28": "adityapahuja",
                            "members.29": "rhowe-gds",
                            "members.3": "issyl0",
                            "members.4": "mrwilson",
                            "members.5": "philandstuff",
                            "members.6": "chrisholmes",
                            "members.7": "Krenair",
                            "members.8": "thomasalanlee",
                            "members.9": "mmhmm",
                            "name": "verify-tech-team-approvers",
                            "permission": "pull",
                            "privacy": "closed",
                            "slug": "verify-tech-team-approvers"
                        },
                        "meta": {},
                        "tainted": false
                    },
                    "deposed": [],
                    "provider": "provider.github"
                },
                "data.github_team.tech_team": {
                    "type": "github_team",
                    "depends_on": [],
                    "primary": {
                        "id": "2830432",
                        "attributes": {
                            "description": "Verify Tech Team",
                            "id": "2830432",
                            "members.#": "30",
                            "members.0": "idrop",
                            "members.1": "46bit",
                            "members.10": "tlwr",
                            "members.11": "kerrr",
                            "members.12": "zilnhoj",
                            "members.13": "Todai88",
                            "members.14": "robinmitra",
                            "members.15": "brenetic",
                            "members.16": "nacnudus",
                            "members.17": "CharlesIC",
                            "members.18": "jkunle",
                            "members.19": "sakisv",
                            "members.2": "galund",
                            "members.20": "stephengrier",
                            "members.21": "ronocg",
                            "members.22": "Rosa-Fox",
                            "members.23": "AnneCarr",
                            "members.24": "ida-build-bot",
                            "members.25": "chrisclayson",
                            "members.26": "smford",
                            "members.27": "blairboy362",
                            "members.28": "Wynndow",
                            "members.29": "andy-paine",
                            "members.3": "issyl0",
                            "members.4": "mrwilson",
                            "members.5": "philandstuff",
                            "members.6": "chrisholmes",
                            "members.7": "Krenair",
                            "members.8": "thomasalanlee",
                            "members.9": "mmhmm",
                            "name": "verify-tech-team",
                            "permission": "pull",
                            "privacy": "closed",
                            "slug": "verify-tech-team"
                        },
                        "meta": {},
                        "tainted": false
                    },
                    "deposed": [],
                    "provider": "provider.github"
                },
                "github_team_membership.team_membership": {
                    "type": "github_team_membership",
                    "depends_on": [],
                    "primary": {
                        "id": "2826122:ronocg",
                        "attributes": {
                            "etag": "W/\"2d7e00cc398b887eacf07a76654fcf21\"",
                            "id": "2826122:ronocg",
                            "role": "member",
                            "team_id": "2826122",
                            "username": "ronocg"
                        },
                        "meta": {},
                        "tainted": false
                    },
                    "deposed": [],
                    "provider": "provider.github"
                },
                "github_team_membership.tech_team_approver": {
                    "type": "github_team_membership",
                    "depends_on": [
                        "data.github_team.approvers_team"
                    ],
                    "primary": {
                        "id": "3101758:ronocg",
                        "attributes": {
                            "etag": "W/\"09d65feed5b3cb7a4b4a0d0e5394a139\"",
                            "id": "3101758:ronocg",
                            "role": "member",
                            "team_id": "3101758",
                            "username": "ronocg"
                        },
                        "meta": {},
                        "tainted": false
                    },
                    "deposed": [],
                    "provider": "provider.github"
                }
            },
            "depends_on": []
        },
        {
            "path": [
                "root",
                "user_rosa_fox"
            ],
            "outputs": {},
            "resources": {
                "data.github_team.approvers_team": {
                    "type": "github_team",
                    "depends_on": [],
                    "primary": {
                        "id": "3101758",
                        "attributes": {
                            "description": "Verify tech team: verify-tech-team-approvers",
                            "id": "3101758",
                            "members.#": "30",
                            "members.0": "idrop",
                            "members.1": "46bit",
                            "members.10": "tlwr",
                            "members.11": "kerrr",
                            "members.12": "robinmitra",
                            "members.13": "brenetic",
                            "members.14": "CharlesIC",
                            "members.15": "sakisv",
                            "members.16": "ronocg",
                            "members.17": "Rosa-Fox",
                            "members.18": "chrisclayson",
                            "members.19": "smford",
                            "members.2": "galund",
                            "members.20": "blairboy362",
                            "members.21": "Wynndow",
                            "members.22": "andy-paine",
                            "members.23": "tomrosier",
                            "members.24": "bjgill",
                            "members.25": "bravegrape",
                            "members.26": "jstandring-gds",
                            "members.27": "mhussein-gds",
                            "members.28": "adityapahuja",
                            "members.29": "rhowe-gds",
                            "members.3": "issyl0",
                            "members.4": "mrwilson",
                            "members.5": "philandstuff",
                            "members.6": "chrisholmes",
                            "members.7": "Krenair",
                            "members.8": "thomasalanlee",
                            "members.9": "mmhmm",
                            "name": "verify-tech-team-approvers",
                            "permission": "pull",
                            "privacy": "closed",
                            "slug": "verify-tech-team-approvers"
                        },
                        "meta": {},
                        "tainted": false
                    },
                    "deposed": [],
                    "provider": "provider.github"
                },
                "data.github_team.tech_team": {
                    "type": "github_team",
                    "depends_on": [],
                    "primary": {
                        "id": "2830432",
                        "attributes": {
                            "description": "Verify Tech Team",
                            "id": "2830432",
                            "members.#": "30",
                            "members.0": "idrop",
                            "members.1": "46bit",
                            "members.10": "tlwr",
                            "members.11": "kerrr",
                            "members.12": "zilnhoj",
                            "members.13": "Todai88",
                            "members.14": "robinmitra",
                            "members.15": "brenetic",
                            "members.16": "nacnudus",
                            "members.17": "CharlesIC",
                            "members.18": "jkunle",
                            "members.19": "sakisv",
                            "members.2": "galund",
                            "members.20": "stephengrier",
                            "members.21": "ronocg",
                            "members.22": "Rosa-Fox",
                            "members.23": "AnneCarr",
                            "members.24": "ida-build-bot",
                            "members.25": "chrisclayson",
                            "members.26": "smford",
                            "members.27": "blairboy362",
                            "members.28": "Wynndow",
                            "members.29": "andy-paine",
                            "members.3": "issyl0",
                            "members.4": "mrwilson",
                            "members.5": "philandstuff",
                            "members.6": "chrisholmes",
                            "members.7": "Krenair",
                            "members.8": "thomasalanlee",
                            "members.9": "mmhmm",
                            "name": "verify-tech-team",
                            "permission": "pull",
                            "privacy": "closed",
                            "slug": "verify-tech-team"
                        },
                        "meta": {},
                        "tainted": false
                    },
                    "deposed": [],
                    "provider": "provider.github"
                },
                "github_team_membership.team_membership": {
                    "type": "github_team_membership",
                    "depends_on": [],
                    "primary": {
                        "id": "2826122:Rosa-Fox",
                        "attributes": {
                            "etag": "W/\"a37e67cc629783b9ec664fef8386fa73\"",
                            "id": "2826122:Rosa-Fox",
                            "role": "member",
                            "team_id": "2826122",
                            "username": "Rosa-Fox"
                        },
                        "meta": {},
                        "tainted": false
                    },
                    "deposed": [],
                    "provider": "provider.github"
                },
                "github_team_membership.tech_team_approver": {
                    "type": "github_team_membership",
                    "depends_on": [
                        "data.github_team.approvers_team"
                    ],
                    "primary": {
                        "id": "3101758:Rosa-Fox",
                        "attributes": {
                            "etag": "W/\"b2827fda9a6704202ccc6adb9de767b3\"",
                            "id": "3101758:Rosa-Fox",
                            "role": "member",
                            "team_id": "3101758",
                            "username": "Rosa-Fox"
                        },
                        "meta": {},
                        "tainted": false
                    },
                    "deposed": [],
                    "provider": "provider.github"
                }
            },
            "depends_on": []
        },
        {
            "path": [
                "root",
                "user_sakisv"
            ],
            "outputs": {},
            "resources": {
                "data.github_team.approvers_team": {
                    "type": "github_team",
                    "depends_on": [],
                    "primary": {
                        "id": "3101758",
                        "attributes": {
                            "description": "Verify tech team: verify-tech-team-approvers",
                            "id": "3101758",
                            "members.#": "30",
                            "members.0": "idrop",
                            "members.1": "46bit",
                            "members.10": "tlwr",
                            "members.11": "kerrr",
                            "members.12": "robinmitra",
                            "members.13": "brenetic",
                            "members.14": "CharlesIC",
                            "members.15": "sakisv",
                            "members.16": "ronocg",
                            "members.17": "Rosa-Fox",
                            "members.18": "chrisclayson",
                            "members.19": "smford",
                            "members.2": "galund",
                            "members.20": "blairboy362",
                            "members.21": "Wynndow",
                            "members.22": "andy-paine",
                            "members.23": "tomrosier",
                            "members.24": "bjgill",
                            "members.25": "bravegrape",
                            "members.26": "jstandring-gds",
                            "members.27": "mhussein-gds",
                            "members.28": "adityapahuja",
                            "members.29": "rhowe-gds",
                            "members.3": "issyl0",
                            "members.4": "mrwilson",
                            "members.5": "philandstuff",
                            "members.6": "chrisholmes",
                            "members.7": "Krenair",
                            "members.8": "thomasalanlee",
                            "members.9": "mmhmm",
                            "name": "verify-tech-team-approvers",
                            "permission": "pull",
                            "privacy": "closed",
                            "slug": "verify-tech-team-approvers"
                        },
                        "meta": {},
                        "tainted": false
                    },
                    "deposed": [],
                    "provider": "provider.github"
                },
                "data.github_team.tech_team": {
                    "type": "github_team",
                    "depends_on": [],
                    "primary": {
                        "id": "2830432",
                        "attributes": {
                            "description": "Verify Tech Team",
                            "id": "2830432",
                            "members.#": "30",
                            "members.0": "idrop",
                            "members.1": "46bit",
                            "members.10": "tlwr",
                            "members.11": "kerrr",
                            "members.12": "zilnhoj",
                            "members.13": "Todai88",
                            "members.14": "robinmitra",
                            "members.15": "brenetic",
                            "members.16": "nacnudus",
                            "members.17": "CharlesIC",
                            "members.18": "jkunle",
                            "members.19": "sakisv",
                            "members.2": "galund",
                            "members.20": "stephengrier",
                            "members.21": "ronocg",
                            "members.22": "Rosa-Fox",
                            "members.23": "AnneCarr",
                            "members.24": "ida-build-bot",
                            "members.25": "chrisclayson",
                            "members.26": "smford",
                            "members.27": "blairboy362",
                            "members.28": "Wynndow",
                            "members.29": "andy-paine",
                            "members.3": "issyl0",
                            "members.4": "mrwilson",
                            "members.5": "philandstuff",
                            "members.6": "chrisholmes",
                            "members.7": "Krenair",
                            "members.8": "thomasalanlee",
                            "members.9": "mmhmm",
                            "name": "verify-tech-team",
                            "permission": "pull",
                            "privacy": "closed",
                            "slug": "verify-tech-team"
                        },
                        "meta": {},
                        "tainted": false
                    },
                    "deposed": [],
                    "provider": "provider.github"
                },
                "github_team_membership.team_membership.0": {
                    "type": "github_team_membership",
                    "depends_on": [],
                    "primary": {
                        "id": "2826122:sakisv",
                        "attributes": {
                            "etag": "W/\"3e32be8e1b137c1d447cdb25a0604a46\"",
                            "id": "2826122:sakisv",
                            "role": "member",
                            "team_id": "2826122",
                            "username": "sakisv"
                        },
                        "meta": {},
                        "tainted": false
                    },
                    "deposed": [],
                    "provider": "provider.github"
                },
                "github_team_membership.team_membership.1": {
                    "type": "github_team_membership",
                    "depends_on": [],
                    "primary": {
                        "id": "2826127:sakisv",
                        "attributes": {
                            "etag": "W/\"64094fcb9eefe68b0a7450e6fb3a2176\"",
                            "id": "2826127:sakisv",
                            "role": "member",
                            "team_id": "2826127",
                            "username": "sakisv"
                        },
                        "meta": {},
                        "tainted": false
                    },
                    "deposed": [],
                    "provider": "provider.github"
                },
                "github_team_membership.tech_team_approver": {
                    "type": "github_team_membership",
                    "depends_on": [
                        "data.github_team.approvers_team"
                    ],
                    "primary": {
                        "id": "3101758:sakisv",
                        "attributes": {
                            "etag": "W/\"66c16e7459eb659bf353839e863e5a2e\"",
                            "id": "3101758:sakisv",
                            "role": "member",
                            "team_id": "3101758",
                            "username": "sakisv"
                        },
                        "meta": {},
                        "tainted": false
                    },
                    "deposed": [],
                    "provider": "provider.github"
                }
            },
            "depends_on": []
        },
        {
            "path": [
                "root",
                "user_sarahdean"
            ],
            "outputs": {},
            "resources": {
                "data.github_team.approvers_team": {
                    "type": "github_team",
                    "depends_on": [],
                    "primary": {
                        "id": "3101758",
                        "attributes": {
                            "description": "Verify tech team: verify-tech-team-approvers",
                            "id": "3101758",
                            "members.#": "30",
                            "members.0": "idrop",
                            "members.1": "46bit",
                            "members.10": "tlwr",
                            "members.11": "kerrr",
                            "members.12": "robinmitra",
                            "members.13": "brenetic",
                            "members.14": "CharlesIC",
                            "members.15": "sakisv",
                            "members.16": "ronocg",
                            "members.17": "Rosa-Fox",
                            "members.18": "chrisclayson",
                            "members.19": "smford",
                            "members.2": "galund",
                            "members.20": "blairboy362",
                            "members.21": "Wynndow",
                            "members.22": "andy-paine",
                            "members.23": "tomrosier",
                            "members.24": "bjgill",
                            "members.25": "bravegrape",
                            "members.26": "jstandring-gds",
                            "members.27": "mhussein-gds",
                            "members.28": "adityapahuja",
                            "members.29": "rhowe-gds",
                            "members.3": "issyl0",
                            "members.4": "mrwilson",
                            "members.5": "philandstuff",
                            "members.6": "chrisholmes",
                            "members.7": "Krenair",
                            "members.8": "thomasalanlee",
                            "members.9": "mmhmm",
                            "name": "verify-tech-team-approvers",
                            "permission": "pull",
                            "privacy": "closed",
                            "slug": "verify-tech-team-approvers"
                        },
                        "meta": {},
                        "tainted": false
                    },
                    "deposed": [],
                    "provider": "provider.github"
                },
                "data.github_team.tech_team": {
                    "type": "github_team",
                    "depends_on": [],
                    "primary": {
                        "id": "2830432",
                        "attributes": {
                            "description": "Verify Tech Team",
                            "id": "2830432",
                            "members.#": "30",
                            "members.0": "idrop",
                            "members.1": "46bit",
                            "members.10": "tlwr",
                            "members.11": "kerrr",
                            "members.12": "zilnhoj",
                            "members.13": "Todai88",
                            "members.14": "robinmitra",
                            "members.15": "brenetic",
                            "members.16": "nacnudus",
                            "members.17": "CharlesIC",
                            "members.18": "jkunle",
                            "members.19": "sakisv",
                            "members.2": "galund",
                            "members.20": "stephengrier",
                            "members.21": "ronocg",
                            "members.22": "Rosa-Fox",
                            "members.23": "AnneCarr",
                            "members.24": "ida-build-bot",
                            "members.25": "chrisclayson",
                            "members.26": "smford",
                            "members.27": "blairboy362",
                            "members.28": "Wynndow",
                            "members.29": "andy-paine",
                            "members.3": "issyl0",
                            "members.4": "mrwilson",
                            "members.5": "philandstuff",
                            "members.6": "chrisholmes",
                            "members.7": "Krenair",
                            "members.8": "thomasalanlee",
                            "members.9": "mmhmm",
                            "name": "verify-tech-team",
                            "permission": "pull",
                            "privacy": "closed",
                            "slug": "verify-tech-team"
                        },
                        "meta": {},
                        "tainted": false
                    },
                    "deposed": [],
                    "provider": "provider.github"
                },
                "github_team_membership.team_membership": {
                    "type": "github_team_membership",
                    "depends_on": [],
                    "primary": {
                        "id": "2826122:sarah-dean",
                        "attributes": {
                            "etag": "W/\"bb6f7e16469cb2f9781c71d49c17283d\"",
                            "id": "2826122:sarah-dean",
                            "role": "member",
                            "team_id": "2826122",
                            "username": "sarah-dean"
                        },
                        "meta": {},
                        "tainted": false
                    },
                    "deposed": [],
                    "provider": "provider.github"
                }
            },
            "depends_on": []
        },
        {
            "path": [
                "root",
                "user_smford"
            ],
            "outputs": {},
            "resources": {
                "data.github_team.approvers_team": {
                    "type": "github_team",
                    "depends_on": [],
                    "primary": {
                        "id": "3101758",
                        "attributes": {
                            "description": "Verify tech team: verify-tech-team-approvers",
                            "id": "3101758",
                            "members.#": "30",
                            "members.0": "idrop",
                            "members.1": "46bit",
                            "members.10": "tlwr",
                            "members.11": "kerrr",
                            "members.12": "robinmitra",
                            "members.13": "brenetic",
                            "members.14": "CharlesIC",
                            "members.15": "sakisv",
                            "members.16": "ronocg",
                            "members.17": "Rosa-Fox",
                            "members.18": "chrisclayson",
                            "members.19": "smford",
                            "members.2": "galund",
                            "members.20": "blairboy362",
                            "members.21": "Wynndow",
                            "members.22": "andy-paine",
                            "members.23": "tomrosier",
                            "members.24": "bjgill",
                            "members.25": "bravegrape",
                            "members.26": "jstandring-gds",
                            "members.27": "mhussein-gds",
                            "members.28": "adityapahuja",
                            "members.29": "rhowe-gds",
                            "members.3": "issyl0",
                            "members.4": "mrwilson",
                            "members.5": "philandstuff",
                            "members.6": "chrisholmes",
                            "members.7": "Krenair",
                            "members.8": "thomasalanlee",
                            "members.9": "mmhmm",
                            "name": "verify-tech-team-approvers",
                            "permission": "pull",
                            "privacy": "closed",
                            "slug": "verify-tech-team-approvers"
                        },
                        "meta": {},
                        "tainted": false
                    },
                    "deposed": [],
                    "provider": "provider.github"
                },
                "data.github_team.tech_team": {
                    "type": "github_team",
                    "depends_on": [],
                    "primary": {
                        "id": "2830432",
                        "attributes": {
                            "description": "Verify Tech Team",
                            "id": "2830432",
                            "members.#": "30",
                            "members.0": "idrop",
                            "members.1": "46bit",
                            "members.10": "tlwr",
                            "members.11": "kerrr",
                            "members.12": "zilnhoj",
                            "members.13": "Todai88",
                            "members.14": "robinmitra",
                            "members.15": "brenetic",
                            "members.16": "nacnudus",
                            "members.17": "CharlesIC",
                            "members.18": "jkunle",
                            "members.19": "sakisv",
                            "members.2": "galund",
                            "members.20": "stephengrier",
                            "members.21": "ronocg",
                            "members.22": "Rosa-Fox",
                            "members.23": "AnneCarr",
                            "members.24": "ida-build-bot",
                            "members.25": "chrisclayson",
                            "members.26": "smford",
                            "members.27": "blairboy362",
                            "members.28": "Wynndow",
                            "members.29": "andy-paine",
                            "members.3": "issyl0",
                            "members.4": "mrwilson",
                            "members.5": "philandstuff",
                            "members.6": "chrisholmes",
                            "members.7": "Krenair",
                            "members.8": "thomasalanlee",
                            "members.9": "mmhmm",
                            "name": "verify-tech-team",
                            "permission": "pull",
                            "privacy": "closed",
                            "slug": "verify-tech-team"
                        },
                        "meta": {},
                        "tainted": false
                    },
                    "deposed": [],
                    "provider": "provider.github"
                },
                "github_team_membership.team_membership": {
                    "type": "github_team_membership",
                    "depends_on": [],
                    "primary": {
                        "id": "2826127:smford",
                        "attributes": {
                            "etag": "W/\"017c6593cb95e59a63113a3bdc5888d5\"",
                            "id": "2826127:smford",
                            "role": "member",
                            "team_id": "2826127",
                            "username": "smford"
                        },
                        "meta": {},
                        "tainted": false
                    },
                    "deposed": [],
                    "provider": "provider.github"
                },
                "github_team_membership.tech_team_approver": {
                    "type": "github_team_membership",
                    "depends_on": [
                        "data.github_team.approvers_team"
                    ],
                    "primary": {
                        "id": "3101758:smford",
                        "attributes": {
                            "etag": "W/\"5f0efa8ab06d7dc49768f4d0e1f81155\"",
                            "id": "3101758:smford",
                            "role": "member",
                            "team_id": "3101758",
                            "username": "smford"
                        },
                        "meta": {},
                        "tainted": false
                    },
                    "deposed": [],
                    "provider": "provider.github"
                }
            },
            "depends_on": []
        },
        {
            "path": [
                "root",
                "user_szd55gds"
            ],
            "outputs": {},
            "resources": {
                "data.github_team.approvers_team": {
                    "type": "github_team",
                    "depends_on": [],
                    "primary": {
                        "id": "3101758",
                        "attributes": {
                            "description": "Verify tech team: verify-tech-team-approvers",
                            "id": "3101758",
                            "members.#": "30",
                            "members.0": "idrop",
                            "members.1": "46bit",
                            "members.10": "tlwr",
                            "members.11": "kerrr",
                            "members.12": "robinmitra",
                            "members.13": "brenetic",
                            "members.14": "CharlesIC",
                            "members.15": "sakisv",
                            "members.16": "ronocg",
                            "members.17": "Rosa-Fox",
                            "members.18": "chrisclayson",
                            "members.19": "smford",
                            "members.2": "galund",
                            "members.20": "blairboy362",
                            "members.21": "Wynndow",
                            "members.22": "andy-paine",
                            "members.23": "tomrosier",
                            "members.24": "bjgill",
                            "members.25": "bravegrape",
                            "members.26": "jstandring-gds",
                            "members.27": "mhussein-gds",
                            "members.28": "adityapahuja",
                            "members.29": "rhowe-gds",
                            "members.3": "issyl0",
                            "members.4": "mrwilson",
                            "members.5": "philandstuff",
                            "members.6": "chrisholmes",
                            "members.7": "Krenair",
                            "members.8": "thomasalanlee",
                            "members.9": "mmhmm",
                            "name": "verify-tech-team-approvers",
                            "permission": "pull",
                            "privacy": "closed",
                            "slug": "verify-tech-team-approvers"
                        },
                        "meta": {},
                        "tainted": false
                    },
                    "deposed": [],
                    "provider": "provider.github"
                },
                "data.github_team.tech_team": {
                    "type": "github_team",
                    "depends_on": [],
                    "primary": {
                        "id": "2830432",
                        "attributes": {
                            "description": "Verify Tech Team",
                            "id": "2830432",
                            "members.#": "30",
                            "members.0": "idrop",
                            "members.1": "46bit",
                            "members.10": "tlwr",
                            "members.11": "kerrr",
                            "members.12": "zilnhoj",
                            "members.13": "Todai88",
                            "members.14": "robinmitra",
                            "members.15": "brenetic",
                            "members.16": "nacnudus",
                            "members.17": "CharlesIC",
                            "members.18": "jkunle",
                            "members.19": "sakisv",
                            "members.2": "galund",
                            "members.20": "stephengrier",
                            "members.21": "ronocg",
                            "members.22": "Rosa-Fox",
                            "members.23": "AnneCarr",
                            "members.24": "ida-build-bot",
                            "members.25": "chrisclayson",
                            "members.26": "smford",
                            "members.27": "blairboy362",
                            "members.28": "Wynndow",
                            "members.29": "andy-paine",
                            "members.3": "issyl0",
                            "members.4": "mrwilson",
                            "members.5": "philandstuff",
                            "members.6": "chrisholmes",
                            "members.7": "Krenair",
                            "members.8": "thomasalanlee",
                            "members.9": "mmhmm",
                            "name": "verify-tech-team",
                            "permission": "pull",
                            "privacy": "closed",
                            "slug": "verify-tech-team"
                        },
                        "meta": {},
                        "tainted": false
                    },
                    "deposed": [],
                    "provider": "provider.github"
                },
                "github_team_membership.team_membership": {
                    "type": "github_team_membership",
                    "depends_on": [],
                    "primary": {
                        "id": "2826127:szd55gds",
                        "attributes": {
                            "etag": "W/\"af43da1a9af82bcc5a41d14023ede1c0\"",
                            "id": "2826127:szd55gds",
                            "role": "member",
                            "team_id": "2826127",
                            "username": "szd55gds"
                        },
                        "meta": {},
                        "tainted": false
                    },
                    "deposed": [],
                    "provider": "provider.github"
                },
                "github_team_membership.tech_team_approver": {
                    "type": "github_team_membership",
                    "depends_on": [
                        "data.github_team.approvers_team"
                    ],
                    "primary": {
                        "id": "3101758:szd55gds",
                        "attributes": {
                            "etag": "W/\"0c7dc2de6aee84cb041dcb1056093099\"",
                            "id": "3101758:szd55gds",
                            "role": "member",
                            "team_id": "3101758",
                            "username": "szd55gds"
                        },
                        "meta": {},
                        "tainted": false
                    },
                    "deposed": [],
                    "provider": "provider.github"
                }
            },
            "depends_on": []
        },
        {
            "path": [
                "root",
                "user_thomasalanlee"
            ],
            "outputs": {},
            "resources": {
                "data.github_team.approvers_team": {
                    "type": "github_team",
                    "depends_on": [],
                    "primary": {
                        "id": "3101758",
                        "attributes": {
                            "description": "Verify tech team: verify-tech-team-approvers",
                            "id": "3101758",
                            "members.#": "30",
                            "members.0": "idrop",
                            "members.1": "46bit",
                            "members.10": "tlwr",
                            "members.11": "kerrr",
                            "members.12": "robinmitra",
                            "members.13": "brenetic",
                            "members.14": "CharlesIC",
                            "members.15": "sakisv",
                            "members.16": "ronocg",
                            "members.17": "Rosa-Fox",
                            "members.18": "chrisclayson",
                            "members.19": "smford",
                            "members.2": "galund",
                            "members.20": "blairboy362",
                            "members.21": "Wynndow",
                            "members.22": "andy-paine",
                            "members.23": "tomrosier",
                            "members.24": "bjgill",
                            "members.25": "bravegrape",
                            "members.26": "jstandring-gds",
                            "members.27": "mhussein-gds",
                            "members.28": "adityapahuja",
                            "members.29": "rhowe-gds",
                            "members.3": "issyl0",
                            "members.4": "mrwilson",
                            "members.5": "philandstuff",
                            "members.6": "chrisholmes",
                            "members.7": "Krenair",
                            "members.8": "thomasalanlee",
                            "members.9": "mmhmm",
                            "name": "verify-tech-team-approvers",
                            "permission": "pull",
                            "privacy": "closed",
                            "slug": "verify-tech-team-approvers"
                        },
                        "meta": {},
                        "tainted": false
                    },
                    "deposed": [],
                    "provider": "provider.github"
                },
                "data.github_team.tech_team": {
                    "type": "github_team",
                    "depends_on": [],
                    "primary": {
                        "id": "2830432",
                        "attributes": {
                            "description": "Verify Tech Team",
                            "id": "2830432",
                            "members.#": "30",
                            "members.0": "idrop",
                            "members.1": "46bit",
                            "members.10": "tlwr",
                            "members.11": "kerrr",
                            "members.12": "zilnhoj",
                            "members.13": "Todai88",
                            "members.14": "robinmitra",
                            "members.15": "brenetic",
                            "members.16": "nacnudus",
                            "members.17": "CharlesIC",
                            "members.18": "jkunle",
                            "members.19": "sakisv",
                            "members.2": "galund",
                            "members.20": "stephengrier",
                            "members.21": "ronocg",
                            "members.22": "Rosa-Fox",
                            "members.23": "AnneCarr",
                            "members.24": "ida-build-bot",
                            "members.25": "chrisclayson",
                            "members.26": "smford",
                            "members.27": "blairboy362",
                            "members.28": "Wynndow",
                            "members.29": "andy-paine",
                            "members.3": "issyl0",
                            "members.4": "mrwilson",
                            "members.5": "philandstuff",
                            "members.6": "chrisholmes",
                            "members.7": "Krenair",
                            "members.8": "thomasalanlee",
                            "members.9": "mmhmm",
                            "name": "verify-tech-team",
                            "permission": "pull",
                            "privacy": "closed",
                            "slug": "verify-tech-team"
                        },
                        "meta": {},
                        "tainted": false
                    },
                    "deposed": [],
                    "provider": "provider.github"
                },
                "github_team_membership.team_membership.0": {
                    "type": "github_team_membership",
                    "depends_on": [],
                    "primary": {
                        "id": "2826122:thomasalanlee",
                        "attributes": {
                            "etag": "W/\"d9f14f11493cc3b657be267cad4a027e\"",
                            "id": "2826122:thomasalanlee",
                            "role": "maintainer",
                            "team_id": "2826122",
                            "username": "thomasalanlee"
                        },
                        "meta": {},
                        "tainted": false
                    },
                    "deposed": [],
                    "provider": "provider.github"
                },
                "github_team_membership.team_membership.1": {
                    "type": "github_team_membership",
                    "depends_on": [],
                    "primary": {
                        "id": "2826126:thomasalanlee",
                        "attributes": {
                            "etag": "W/\"8691a3ff98d8bdd1848acb778dfcb4c2\"",
                            "id": "2826126:thomasalanlee",
                            "role": "maintainer",
                            "team_id": "2826126",
                            "username": "thomasalanlee"
                        },
                        "meta": {},
                        "tainted": false
                    },
                    "deposed": [],
                    "provider": "provider.github"
                },
                "github_team_membership.team_membership.2": {
                    "type": "github_team_membership",
                    "depends_on": [],
                    "primary": {
                        "id": "2826127:thomasalanlee",
                        "attributes": {
                            "etag": "W/\"ff3c8a0dd614ae1554cfec967edd2b07\"",
                            "id": "2826127:thomasalanlee",
                            "role": "maintainer",
                            "team_id": "2826127",
                            "username": "thomasalanlee"
                        },
                        "meta": {},
                        "tainted": false
                    },
                    "deposed": [],
                    "provider": "provider.github"
                },
                "github_team_membership.tech_team_approver": {
                    "type": "github_team_membership",
                    "depends_on": [
                        "data.github_team.approvers_team"
                    ],
                    "primary": {
                        "id": "3101758:thomasalanlee",
                        "attributes": {
                            "etag": "W/\"3222249983c3937feb3a5f033661dc5a\"",
                            "id": "3101758:thomasalanlee",
                            "role": "member",
                            "team_id": "3101758",
                            "username": "thomasalanlee"
                        },
                        "meta": {},
                        "tainted": false
                    },
                    "deposed": [],
                    "provider": "provider.github"
                },
                "github_team_membership.tech_team_maintainer": {
                    "type": "github_team_membership",
                    "depends_on": [
                        "data.github_team.tech_team"
                    ],
                    "primary": {
                        "id": "2830432:thomasalanlee",
                        "attributes": {
                            "etag": "W/\"986521347ebed3203f6535d1e5c1709f\"",
                            "id": "2830432:thomasalanlee",
                            "role": "maintainer",
                            "team_id": "2830432",
                            "username": "thomasalanlee"
                        },
                        "meta": {},
                        "tainted": false
                    },
                    "deposed": [],
                    "provider": "provider.github"
                }
            },
            "depends_on": []
        },
        {
            "path": [
                "root",
                "user_tlwr"
            ],
            "outputs": {},
            "resources": {
                "data.github_team.approvers_team": {
                    "type": "github_team",
                    "depends_on": [],
                    "primary": {
                        "id": "3101758",
                        "attributes": {
                            "description": "Verify tech team: verify-tech-team-approvers",
                            "id": "3101758",
                            "members.#": "30",
                            "members.0": "idrop",
                            "members.1": "46bit",
                            "members.10": "tlwr",
                            "members.11": "kerrr",
                            "members.12": "robinmitra",
                            "members.13": "brenetic",
                            "members.14": "CharlesIC",
                            "members.15": "sakisv",
                            "members.16": "ronocg",
                            "members.17": "Rosa-Fox",
                            "members.18": "chrisclayson",
                            "members.19": "smford",
                            "members.2": "galund",
                            "members.20": "blairboy362",
                            "members.21": "Wynndow",
                            "members.22": "andy-paine",
                            "members.23": "tomrosier",
                            "members.24": "bjgill",
                            "members.25": "bravegrape",
                            "members.26": "jstandring-gds",
                            "members.27": "mhussein-gds",
                            "members.28": "adityapahuja",
                            "members.29": "rhowe-gds",
                            "members.3": "issyl0",
                            "members.4": "mrwilson",
                            "members.5": "philandstuff",
                            "members.6": "chrisholmes",
                            "members.7": "Krenair",
                            "members.8": "thomasalanlee",
                            "members.9": "mmhmm",
                            "name": "verify-tech-team-approvers",
                            "permission": "pull",
                            "privacy": "closed",
                            "slug": "verify-tech-team-approvers"
                        },
                        "meta": {},
                        "tainted": false
                    },
                    "deposed": [],
                    "provider": "provider.github"
                },
                "data.github_team.tech_team": {
                    "type": "github_team",
                    "depends_on": [],
                    "primary": {
                        "id": "2830432",
                        "attributes": {
                            "description": "Verify Tech Team",
                            "id": "2830432",
                            "members.#": "30",
                            "members.0": "idrop",
                            "members.1": "46bit",
                            "members.10": "tlwr",
                            "members.11": "kerrr",
                            "members.12": "zilnhoj",
                            "members.13": "Todai88",
                            "members.14": "robinmitra",
                            "members.15": "brenetic",
                            "members.16": "nacnudus",
                            "members.17": "CharlesIC",
                            "members.18": "jkunle",
                            "members.19": "sakisv",
                            "members.2": "galund",
                            "members.20": "stephengrier",
                            "members.21": "ronocg",
                            "members.22": "Rosa-Fox",
                            "members.23": "AnneCarr",
                            "members.24": "ida-build-bot",
                            "members.25": "chrisclayson",
                            "members.26": "smford",
                            "members.27": "blairboy362",
                            "members.28": "Wynndow",
                            "members.29": "andy-paine",
                            "members.3": "issyl0",
                            "members.4": "mrwilson",
                            "members.5": "philandstuff",
                            "members.6": "chrisholmes",
                            "members.7": "Krenair",
                            "members.8": "thomasalanlee",
                            "members.9": "mmhmm",
                            "name": "verify-tech-team",
                            "permission": "pull",
                            "privacy": "closed",
                            "slug": "verify-tech-team"
                        },
                        "meta": {},
                        "tainted": false
                    },
                    "deposed": [],
                    "provider": "provider.github"
                },
                "github_team_membership.team_membership.0": {
                    "type": "github_team_membership",
                    "depends_on": [],
                    "primary": {
                        "id": "2826122:tlwr",
                        "attributes": {
                            "etag": "W/\"9e7c876591a2b921bf146898710ec80c\"",
                            "id": "2826122:tlwr",
                            "role": "member",
                            "team_id": "2826122",
                            "username": "tlwr"
                        },
                        "meta": {},
                        "tainted": false
                    },
                    "deposed": [],
                    "provider": "provider.github"
                },
                "github_team_membership.team_membership.1": {
                    "type": "github_team_membership",
                    "depends_on": [],
                    "primary": {
                        "id": "2826127:tlwr",
                        "attributes": {
                            "etag": "W/\"47f48e8daa56f4350d43b207607a758e\"",
                            "id": "2826127:tlwr",
                            "role": "member",
                            "team_id": "2826127",
                            "username": "tlwr"
                        },
                        "meta": {},
                        "tainted": false
                    },
                    "deposed": [],
                    "provider": "provider.github"
                },
                "github_team_membership.tech_team_approver": {
                    "type": "github_team_membership",
                    "depends_on": [
                        "data.github_team.approvers_team"
                    ],
                    "primary": {
                        "id": "3101758:tlwr",
                        "attributes": {
                            "etag": "W/\"8977e50e35a858121af5066cabce2da2\"",
                            "id": "3101758:tlwr",
                            "role": "member",
                            "team_id": "3101758",
                            "username": "tlwr"
                        },
                        "meta": {},
                        "tainted": false
                    },
                    "deposed": [],
                    "provider": "provider.github"
                }
            },
            "depends_on": []
        },
        {
            "path": [
                "root",
                "user_todai88"
            ],
            "outputs": {},
            "resources": {
                "data.github_team.approvers_team": {
                    "type": "github_team",
                    "depends_on": [],
                    "primary": {
                        "id": "3101758",
                        "attributes": {
                            "description": "Verify tech team: verify-tech-team-approvers",
                            "id": "3101758",
                            "members.#": "30",
                            "members.0": "idrop",
                            "members.1": "46bit",
                            "members.10": "tlwr",
                            "members.11": "kerrr",
                            "members.12": "robinmitra",
                            "members.13": "brenetic",
                            "members.14": "CharlesIC",
                            "members.15": "sakisv",
                            "members.16": "ronocg",
                            "members.17": "Rosa-Fox",
                            "members.18": "chrisclayson",
                            "members.19": "smford",
                            "members.2": "galund",
                            "members.20": "blairboy362",
                            "members.21": "Wynndow",
                            "members.22": "andy-paine",
                            "members.23": "tomrosier",
                            "members.24": "bjgill",
                            "members.25": "bravegrape",
                            "members.26": "jstandring-gds",
                            "members.27": "mhussein-gds",
                            "members.28": "adityapahuja",
                            "members.29": "rhowe-gds",
                            "members.3": "issyl0",
                            "members.4": "mrwilson",
                            "members.5": "philandstuff",
                            "members.6": "chrisholmes",
                            "members.7": "Krenair",
                            "members.8": "thomasalanlee",
                            "members.9": "mmhmm",
                            "name": "verify-tech-team-approvers",
                            "permission": "pull",
                            "privacy": "closed",
                            "slug": "verify-tech-team-approvers"
                        },
                        "meta": {},
                        "tainted": false
                    },
                    "deposed": [],
                    "provider": "provider.github"
                },
                "data.github_team.tech_team": {
                    "type": "github_team",
                    "depends_on": [],
                    "primary": {
                        "id": "2830432",
                        "attributes": {
                            "description": "Verify Tech Team",
                            "id": "2830432",
                            "members.#": "30",
                            "members.0": "idrop",
                            "members.1": "46bit",
                            "members.10": "tlwr",
                            "members.11": "kerrr",
                            "members.12": "zilnhoj",
                            "members.13": "Todai88",
                            "members.14": "robinmitra",
                            "members.15": "brenetic",
                            "members.16": "nacnudus",
                            "members.17": "CharlesIC",
                            "members.18": "jkunle",
                            "members.19": "sakisv",
                            "members.2": "galund",
                            "members.20": "stephengrier",
                            "members.21": "ronocg",
                            "members.22": "Rosa-Fox",
                            "members.23": "AnneCarr",
                            "members.24": "ida-build-bot",
                            "members.25": "chrisclayson",
                            "members.26": "smford",
                            "members.27": "blairboy362",
                            "members.28": "Wynndow",
                            "members.29": "andy-paine",
                            "members.3": "issyl0",
                            "members.4": "mrwilson",
                            "members.5": "philandstuff",
                            "members.6": "chrisholmes",
                            "members.7": "Krenair",
                            "members.8": "thomasalanlee",
                            "members.9": "mmhmm",
                            "name": "verify-tech-team",
                            "permission": "pull",
                            "privacy": "closed",
                            "slug": "verify-tech-team"
                        },
                        "meta": {},
                        "tainted": false
                    },
                    "deposed": [],
                    "provider": "provider.github"
                },
                "github_team_membership.team_membership": {
                    "type": "github_team_membership",
                    "depends_on": [],
                    "primary": {
                        "id": "2826122:todai88",
                        "attributes": {
                            "etag": "W/\"6717b8c12fad35bc26ecf7289f1f75fb\"",
                            "id": "2826122:todai88",
                            "role": "member",
                            "team_id": "2826122",
                            "username": "Todai88"
                        },
                        "meta": {},
                        "tainted": false
                    },
                    "deposed": [],
                    "provider": "provider.github"
                }
            },
            "depends_on": []
        },
        {
            "path": [
                "root",
                "user_tomrosier"
            ],
            "outputs": {},
            "resources": {
                "data.github_team.approvers_team": {
                    "type": "github_team",
                    "depends_on": [],
                    "primary": {
                        "id": "3101758",
                        "attributes": {
                            "description": "Verify tech team: verify-tech-team-approvers",
                            "id": "3101758",
                            "members.#": "30",
                            "members.0": "idrop",
                            "members.1": "46bit",
                            "members.10": "tlwr",
                            "members.11": "kerrr",
                            "members.12": "robinmitra",
                            "members.13": "brenetic",
                            "members.14": "CharlesIC",
                            "members.15": "sakisv",
                            "members.16": "ronocg",
                            "members.17": "Rosa-Fox",
                            "members.18": "chrisclayson",
                            "members.19": "smford",
                            "members.2": "galund",
                            "members.20": "blairboy362",
                            "members.21": "Wynndow",
                            "members.22": "andy-paine",
                            "members.23": "tomrosier",
                            "members.24": "bjgill",
                            "members.25": "bravegrape",
                            "members.26": "jstandring-gds",
                            "members.27": "mhussein-gds",
                            "members.28": "adityapahuja",
                            "members.29": "rhowe-gds",
                            "members.3": "issyl0",
                            "members.4": "mrwilson",
                            "members.5": "philandstuff",
                            "members.6": "chrisholmes",
                            "members.7": "Krenair",
                            "members.8": "thomasalanlee",
                            "members.9": "mmhmm",
                            "name": "verify-tech-team-approvers",
                            "permission": "pull",
                            "privacy": "closed",
                            "slug": "verify-tech-team-approvers"
                        },
                        "meta": {},
                        "tainted": false
                    },
                    "deposed": [],
                    "provider": "provider.github"
                },
                "data.github_team.tech_team": {
                    "type": "github_team",
                    "depends_on": [],
                    "primary": {
                        "id": "2830432",
                        "attributes": {
                            "description": "Verify Tech Team",
                            "id": "2830432",
                            "members.#": "30",
                            "members.0": "idrop",
                            "members.1": "46bit",
                            "members.10": "tlwr",
                            "members.11": "kerrr",
                            "members.12": "zilnhoj",
                            "members.13": "Todai88",
                            "members.14": "robinmitra",
                            "members.15": "brenetic",
                            "members.16": "nacnudus",
                            "members.17": "CharlesIC",
                            "members.18": "jkunle",
                            "members.19": "sakisv",
                            "members.2": "galund",
                            "members.20": "stephengrier",
                            "members.21": "ronocg",
                            "members.22": "Rosa-Fox",
                            "members.23": "AnneCarr",
                            "members.24": "ida-build-bot",
                            "members.25": "chrisclayson",
                            "members.26": "smford",
                            "members.27": "blairboy362",
                            "members.28": "Wynndow",
                            "members.29": "andy-paine",
                            "members.3": "issyl0",
                            "members.4": "mrwilson",
                            "members.5": "philandstuff",
                            "members.6": "chrisholmes",
                            "members.7": "Krenair",
                            "members.8": "thomasalanlee",
                            "members.9": "mmhmm",
                            "name": "verify-tech-team",
                            "permission": "pull",
                            "privacy": "closed",
                            "slug": "verify-tech-team"
                        },
                        "meta": {},
                        "tainted": false
                    },
                    "deposed": [],
                    "provider": "provider.github"
                },
                "github_team_membership.team_membership.0": {
                    "type": "github_team_membership",
                    "depends_on": [],
                    "primary": {
                        "id": "2826122:tomrosier",
                        "attributes": {
                            "etag": "W/\"6fe7a40537c9531e2479f88c73b7f836\"",
                            "id": "2826122:tomrosier",
                            "role": "member",
                            "team_id": "2826122",
                            "username": "tomrosier"
                        },
                        "meta": {},
                        "tainted": false
                    },
                    "deposed": [],
                    "provider": "provider.github"
                },
                "github_team_membership.team_membership.1": {
                    "type": "github_team_membership",
                    "depends_on": [],
                    "primary": {
                        "id": "2826126:tomrosier",
                        "attributes": {
                            "etag": "W/\"e647f36e411a084871bee6995ec58b0d\"",
                            "id": "2826126:tomrosier",
                            "role": "member",
                            "team_id": "2826126",
                            "username": "tomrosier"
                        },
                        "meta": {},
                        "tainted": false
                    },
                    "deposed": [],
                    "provider": "provider.github"
                },
                "github_team_membership.tech_team_approver": {
                    "type": "github_team_membership",
                    "depends_on": [
                        "data.github_team.approvers_team"
                    ],
                    "primary": {
                        "id": "3101758:tomrosier",
                        "attributes": {
                            "etag": "W/\"c55fe8cb956e0291bdf6be1f44217acc\"",
                            "id": "3101758:tomrosier",
                            "role": "member",
                            "team_id": "3101758",
                            "username": "tomrosier"
                        },
                        "meta": {},
                        "tainted": false
                    },
                    "deposed": [],
                    "provider": "provider.github"
                }
            },
            "depends_on": []
        },
        {
            "path": [
                "root",
                "user_zilnhoj"
            ],
            "outputs": {},
            "resources": {
                "data.github_team.approvers_team": {
                    "type": "github_team",
                    "depends_on": [],
                    "primary": {
                        "id": "3101758",
                        "attributes": {
                            "description": "Verify tech team: verify-tech-team-approvers",
                            "id": "3101758",
                            "members.#": "30",
                            "members.0": "idrop",
                            "members.1": "46bit",
                            "members.10": "tlwr",
                            "members.11": "kerrr",
                            "members.12": "robinmitra",
                            "members.13": "brenetic",
                            "members.14": "CharlesIC",
                            "members.15": "sakisv",
                            "members.16": "ronocg",
                            "members.17": "Rosa-Fox",
                            "members.18": "chrisclayson",
                            "members.19": "smford",
                            "members.2": "galund",
                            "members.20": "blairboy362",
                            "members.21": "Wynndow",
                            "members.22": "andy-paine",
                            "members.23": "tomrosier",
                            "members.24": "bjgill",
                            "members.25": "bravegrape",
                            "members.26": "jstandring-gds",
                            "members.27": "mhussein-gds",
                            "members.28": "adityapahuja",
                            "members.29": "rhowe-gds",
                            "members.3": "issyl0",
                            "members.4": "mrwilson",
                            "members.5": "philandstuff",
                            "members.6": "chrisholmes",
                            "members.7": "Krenair",
                            "members.8": "thomasalanlee",
                            "members.9": "mmhmm",
                            "name": "verify-tech-team-approvers",
                            "permission": "pull",
                            "privacy": "closed",
                            "slug": "verify-tech-team-approvers"
                        },
                        "meta": {},
                        "tainted": false
                    },
                    "deposed": [],
                    "provider": "provider.github"
                },
                "data.github_team.tech_team": {
                    "type": "github_team",
                    "depends_on": [],
                    "primary": {
                        "id": "2830432",
                        "attributes": {
                            "description": "Verify Tech Team",
                            "id": "2830432",
                            "members.#": "30",
                            "members.0": "idrop",
                            "members.1": "46bit",
                            "members.10": "tlwr",
                            "members.11": "kerrr",
                            "members.12": "zilnhoj",
                            "members.13": "Todai88",
                            "members.14": "robinmitra",
                            "members.15": "brenetic",
                            "members.16": "nacnudus",
                            "members.17": "CharlesIC",
                            "members.18": "jkunle",
                            "members.19": "sakisv",
                            "members.2": "galund",
                            "members.20": "stephengrier",
                            "members.21": "ronocg",
                            "members.22": "Rosa-Fox",
                            "members.23": "AnneCarr",
                            "members.24": "ida-build-bot",
                            "members.25": "chrisclayson",
                            "members.26": "smford",
                            "members.27": "blairboy362",
                            "members.28": "Wynndow",
                            "members.29": "andy-paine",
                            "members.3": "issyl0",
                            "members.4": "mrwilson",
                            "members.5": "philandstuff",
                            "members.6": "chrisholmes",
                            "members.7": "Krenair",
                            "members.8": "thomasalanlee",
                            "members.9": "mmhmm",
                            "name": "verify-tech-team",
                            "permission": "pull",
                            "privacy": "closed",
                            "slug": "verify-tech-team"
                        },
                        "meta": {},
                        "tainted": false
                    },
                    "deposed": [],
                    "provider": "provider.github"
                },
                "github_team_membership.team_membership": {
                    "type": "github_team_membership",
                    "depends_on": [],
                    "primary": {
                        "id": "2826122:zilnhoj",
                        "attributes": {
                            "etag": "W/\"96e9c0358ffb44cfbcc299ef2011c770\"",
                            "id": "2826122:zilnhoj",
                            "role": "member",
                            "team_id": "2826122",
                            "username": "zilnhoj"
                        },
                        "meta": {},
                        "tainted": false
                    },
                    "deposed": [],
                    "provider": "provider.github"
                }
            },
            "depends_on": []
        }
    ]
}
