{
    "version": 3,
    "terraform_version": "0.11.13",
    "serial": 172,
    "lineage": "7069a474-17af-c033-8243-ba2e55487134",
    "modules": [
        {
            "path": [
                "root"
            ],
            "outputs": {},
            "resources": {
                "data.github_team.core": {
                    "type": "github_team",
                    "depends_on": [],
                    "primary": {
                        "id": "2826122",
                        "attributes": {
                            "description": "Verify tech team: verify-tech-team-core",
                            "id": "2826122",
                            "members.#": "30",
                            "members.0": "idrop",
                            "members.1": "46bit",
                            "members.10": "zilnhoj",
                            "members.11": "Todai88",
                            "members.12": "robinmitra",
                            "members.13": "brenetic",
                            "members.14": "nacnudus",
                            "members.15": "CharlesIC",
                            "members.16": "jkunle",
                            "members.17": "sakisv",
                            "members.18": "Rosa-Fox",
                            "members.19": "AnneCarr",
                            "members.2": "galund",
                            "members.20": "ida-build-bot",
                            "members.21": "chrisclayson",
                            "members.22": "blairboy362",
                            "members.23": "Wynndow",
                            "members.24": "andy-paine",
                            "members.25": "tomrosier",
                            "members.26": "bjgill",
                            "members.27": "RacingHippo",
                            "members.28": "bravegrape",
                            "members.29": "mhussein-gds",
                            "members.3": "issyl0",
                            "members.4": "mrwilson",
                            "members.5": "philandstuff",
                            "members.6": "chrisholmes",
                            "members.7": "thomasalanlee",
                            "members.8": "tlwr",
                            "members.9": "kerrr",
                            "name": "verify-tech-team-core",
                            "permission": "pull",
                            "privacy": "closed",
                            "slug": "verify-tech-team-core"
                        },
                        "meta": {},
                        "tainted": false
                    },
                    "deposed": [],
                    "provider": "provider.github"
                },
                "data.github_team.eidas": {
                    "type": "github_team",
                    "depends_on": [],
                    "primary": {
                        "id": "2826126",
                        "attributes": {
                            "description": "Verify tech team: verify-tech-team-eidas",
                            "id": "2826126",
                            "members.#": "13",
                            "members.0": "idrop",
                            "members.1": "chrisholmes",
                            "members.10": "dbes-gds",
                            "members.11": "JohnWattsGDS",
                            "members.12": "ida-codacy-bot",
                            "members.2": "thomasalanlee",
                            "members.3": "CharlesIC",
                            "members.4": "ida-build-bot",
                            "members.5": "blairboy362",
                            "members.6": "Wynndow",
                            "members.7": "tomrosier",
                            "members.8": "benjamin-mortimer",
                            "members.9": "JHjava",
                            "name": "verify-tech-team-eidas",
                            "permission": "pull",
                            "privacy": "closed",
                            "slug": "verify-tech-team-eidas"
                        },
                        "meta": {},
                        "tainted": false
                    },
                    "deposed": [],
                    "provider": "provider.github"
                },
                "data.github_team.infrastructure": {
                    "type": "github_team",
                    "depends_on": [],
                    "primary": {
                        "id": "2826127",
                        "attributes": {
                            "description": "Verify tech team: verify-tech-team-infrastructure",
                            "id": "2826127",
                            "members.#": "15",
                            "members.0": "issyl0",
                            "members.1": "philandstuff",
                            "members.10": "andy-paine",
                            "members.11": "jstandring-gds",
                            "members.12": "adityapahuja",
                            "members.13": "rhowe-gds",
                            "members.14": "szd55gds",
                            "members.2": "chrisholmes",
                            "members.3": "thomasalanlee",
                            "members.4": "mmhmm",
                            "members.5": "tlwr",
                            "members.6": "sakisv",
                            "members.7": "stephengrier",
                            "members.8": "smford",
                            "members.9": "blairboy362",
                            "name": "verify-tech-team-infrastructure",
                            "permission": "pull",
                            "privacy": "closed",
                            "slug": "verify-tech-team-infrastructure"
                        },
                        "meta": {},
                        "tainted": false
                    },
                    "deposed": [],
                    "provider": "provider.github"
                }
            },
            "depends_on": []
        },
        {
            "path": [
                "root",
                "user_46bit"
            ],
            "outputs": {},
            "resources": {
                "data.github_team.approvers_team": {
                    "type": "github_team",
                    "depends_on": [],
                    "primary": {
                        "id": "3101758",
                        "attributes": {
                            "description": "Verify tech team: verify-tech-team-approvers",
                            "id": "3101758",
                            "members.#": "30",
                            "members.0": "idrop",
                            "members.1": "46bit",
                            "members.10": "kerrr",
                            "members.11": "robinmitra",
                            "members.12": "brenetic",
                            "members.13": "CharlesIC",
                            "members.14": "sakisv",
                            "members.15": "Rosa-Fox",
                            "members.16": "chrisclayson",
                            "members.17": "smford",
                            "members.18": "blairboy362",
                            "members.19": "Wynndow",
                            "members.2": "galund",
                            "members.20": "andy-paine",
                            "members.21": "tomrosier",
                            "members.22": "bjgill",
                            "members.23": "bravegrape",
                            "members.24": "jstandring-gds",
                            "members.25": "mhussein-gds",
                            "members.26": "adityapahuja",
                            "members.27": "rhowe-gds",
                            "members.28": "AmritSidhu",
                            "members.29": "alan-gds",
                            "members.3": "issyl0",
                            "members.4": "mrwilson",
                            "members.5": "philandstuff",
                            "members.6": "chrisholmes",
                            "members.7": "thomasalanlee",
                            "members.8": "mmhmm",
                            "members.9": "tlwr",
                            "name": "verify-tech-team-approvers",
                            "permission": "pull",
                            "privacy": "closed",
                            "slug": "verify-tech-team-approvers"
                        },
                        "meta": {},
                        "tainted": false
                    },
                    "deposed": [],
                    "provider": "provider.github"
                },
                "data.github_team.tech_team": {
                    "type": "github_team",
                    "depends_on": [],
                    "primary": {
                        "id": "2830432",
                        "attributes": {
                            "description": "Verify Tech Team",
                            "id": "2830432",
                            "members.#": "30",
                            "members.0": "idrop",
                            "members.1": "46bit",
                            "members.10": "kerrr",
                            "members.11": "zilnhoj",
                            "members.12": "Todai88",
                            "members.13": "robinmitra",
                            "members.14": "brenetic",
                            "members.15": "nacnudus",
                            "members.16": "CharlesIC",
                            "members.17": "jkunle",
                            "members.18": "sakisv",
                            "members.19": "stephengrier",
                            "members.2": "galund",
                            "members.20": "Rosa-Fox",
                            "members.21": "AnneCarr",
                            "members.22": "ida-build-bot",
                            "members.23": "chrisclayson",
                            "members.24": "smford",
                            "members.25": "blairboy362",
                            "members.26": "Wynndow",
                            "members.27": "andy-paine",
                            "members.28": "tomrosier",
                            "members.29": "bjgill",
                            "members.3": "issyl0",
                            "members.4": "mrwilson",
                            "members.5": "philandstuff",
                            "members.6": "chrisholmes",
                            "members.7": "thomasalanlee",
                            "members.8": "mmhmm",
                            "members.9": "tlwr",
                            "name": "verify-tech-team",
                            "permission": "pull",
                            "privacy": "closed",
                            "slug": "verify-tech-team"
                        },
                        "meta": {},
                        "tainted": false
                    },
                    "deposed": [],
                    "provider": "provider.github"
                },
                "github_team_membership.team_membership.0": {
                    "type": "github_team_membership",
                    "depends_on": [],
                    "primary": {
                        "id": "2826122:46bit",
                        "attributes": {
                            "etag": "W/\"04e417a5b286b7021eb0bc2b0bbf2880\"",
                            "id": "2826122:46bit",
                            "role": "member",
                            "team_id": "2826122",
                            "username": "46bit"
                        },
                        "meta": {},
                        "tainted": false
                    },
                    "deposed": [],
                    "provider": "provider.github"
                },
                "github_team_membership.team_membership.1": {
                    "type": "github_team_membership",
                    "depends_on": [],
                    "primary": {
                        "id": "2826127:46bit",
                        "attributes": {
                            "etag": "W/\"9fb9fe7657dfb0d2ba4c876c6834106b\"",
                            "id": "2826127:46bit",
                            "role": "member",
                            "team_id": "2826127",
                            "username": "46bit"
                        },
                        "meta": {},
                        "tainted": false
                    },
                    "deposed": [],
                    "provider": "provider.github"
                },
                "github_team_membership.tech_team_approver": {
                    "type": "github_team_membership",
                    "depends_on": [
                        "data.github_team.approvers_team"
                    ],
                    "primary": {
                        "id": "3101758:46bit",
                        "attributes": {
                            "etag": "W/\"f5c3bec099de6bd5d2d3309036ad777d\"",
                            "id": "3101758:46bit",
                            "role": "member",
                            "team_id": "3101758",
                            "username": "46bit"
                        },
                        "meta": {},
                        "tainted": false
                    },
                    "deposed": [],
                    "provider": "provider.github"
                }
            },
            "depends_on": []
        },
        {
            "path": [
                "root",
                "user_adityapahuja"
            ],
            "outputs": {},
            "resources": {
                "data.github_team.approvers_team": {
                    "type": "github_team",
                    "depends_on": [],
                    "primary": {
                        "id": "3101758",
                        "attributes": {
                            "description": "Verify tech team: verify-tech-team-approvers",
                            "id": "3101758",
                            "members.#": "30",
                            "members.0": "idrop",
                            "members.1": "46bit",
                            "members.10": "kerrr",
                            "members.11": "robinmitra",
                            "members.12": "brenetic",
                            "members.13": "CharlesIC",
                            "members.14": "sakisv",
                            "members.15": "Rosa-Fox",
                            "members.16": "chrisclayson",
                            "members.17": "smford",
                            "members.18": "blairboy362",
                            "members.19": "Wynndow",
                            "members.2": "galund",
                            "members.20": "andy-paine",
                            "members.21": "tomrosier",
                            "members.22": "bjgill",
                            "members.23": "bravegrape",
                            "members.24": "jstandring-gds",
                            "members.25": "mhussein-gds",
                            "members.26": "adityapahuja",
                            "members.27": "rhowe-gds",
                            "members.28": "AmritSidhu",
                            "members.29": "alan-gds",
                            "members.3": "issyl0",
                            "members.4": "mrwilson",
                            "members.5": "philandstuff",
                            "members.6": "chrisholmes",
                            "members.7": "thomasalanlee",
                            "members.8": "mmhmm",
                            "members.9": "tlwr",
                            "name": "verify-tech-team-approvers",
                            "permission": "pull",
                            "privacy": "closed",
                            "slug": "verify-tech-team-approvers"
                        },
                        "meta": {},
                        "tainted": false
                    },
                    "deposed": [],
                    "provider": "provider.github"
                },
                "data.github_team.tech_team": {
                    "type": "github_team",
                    "depends_on": [],
                    "primary": {
                        "id": "2830432",
                        "attributes": {
                            "description": "Verify Tech Team",
                            "id": "2830432",
                            "members.#": "30",
                            "members.0": "idrop",
                            "members.1": "46bit",
                            "members.10": "kerrr",
                            "members.11": "zilnhoj",
                            "members.12": "Todai88",
                            "members.13": "robinmitra",
                            "members.14": "brenetic",
                            "members.15": "nacnudus",
                            "members.16": "CharlesIC",
                            "members.17": "jkunle",
                            "members.18": "sakisv",
                            "members.19": "stephengrier",
                            "members.2": "galund",
                            "members.20": "Rosa-Fox",
                            "members.21": "AnneCarr",
                            "members.22": "ida-build-bot",
                            "members.23": "chrisclayson",
                            "members.24": "smford",
                            "members.25": "blairboy362",
                            "members.26": "Wynndow",
                            "members.27": "andy-paine",
                            "members.28": "tomrosier",
                            "members.29": "bjgill",
                            "members.3": "issyl0",
                            "members.4": "mrwilson",
                            "members.5": "philandstuff",
                            "members.6": "chrisholmes",
                            "members.7": "thomasalanlee",
                            "members.8": "mmhmm",
                            "members.9": "tlwr",
                            "name": "verify-tech-team",
                            "permission": "pull",
                            "privacy": "closed",
                            "slug": "verify-tech-team"
                        },
                        "meta": {},
                        "tainted": false
                    },
                    "deposed": [],
                    "provider": "provider.github"
                },
                "github_team_membership.team_membership.0": {
                    "type": "github_team_membership",
                    "depends_on": [],
                    "primary": {
                        "id": "2826122:adityapahuja",
                        "attributes": {
                            "etag": "W/\"1fce00cae7cdb574bb31ce47ac89ef08\"",
                            "id": "2826122:adityapahuja",
                            "role": "member",
                            "team_id": "2826122",
                            "username": "adityapahuja"
                        },
                        "meta": {},
                        "tainted": false
                    },
                    "deposed": [],
                    "provider": "provider.github"
                },
                "github_team_membership.team_membership.1": {
                    "type": "github_team_membership",
                    "depends_on": [],
                    "primary": {
                        "id": "2826127:adityapahuja",
                        "attributes": {
                            "etag": "W/\"692a40c5ed98f0b9f9b6fffdaf0786c1\"",
                            "id": "2826127:adityapahuja",
                            "role": "member",
                            "team_id": "2826127",
                            "username": "adityapahuja"
                        },
                        "meta": {},
                        "tainted": false
                    },
                    "deposed": [],
                    "provider": "provider.github"
                },
                "github_team_membership.tech_team_approver": {
                    "type": "github_team_membership",
                    "depends_on": [
                        "data.github_team.approvers_team"
                    ],
                    "primary": {
                        "id": "3101758:adityapahuja",
                        "attributes": {
                            "etag": "W/\"df5391e00a9e7b94012bea07a7279615\"",
                            "id": "3101758:adityapahuja",
                            "role": "member",
                            "team_id": "3101758",
                            "username": "adityapahuja"
                        },
                        "meta": {},
                        "tainted": false
                    },
                    "deposed": [],
                    "provider": "provider.github"
                }
            },
            "depends_on": []
        },
        {
            "path": [
                "root",
                "user_alan_gds"
            ],
            "outputs": {},
            "resources": {
                "data.github_team.approvers_team": {
                    "type": "github_team",
                    "depends_on": [],
                    "primary": {
                        "id": "3101758",
                        "attributes": {
                            "description": "Verify tech team: verify-tech-team-approvers",
                            "id": "3101758",
                            "members.#": "30",
                            "members.0": "idrop",
                            "members.1": "46bit",
                            "members.10": "kerrr",
                            "members.11": "robinmitra",
                            "members.12": "brenetic",
                            "members.13": "CharlesIC",
                            "members.14": "sakisv",
                            "members.15": "Rosa-Fox",
                            "members.16": "chrisclayson",
                            "members.17": "smford",
                            "members.18": "blairboy362",
                            "members.19": "Wynndow",
                            "members.2": "galund",
                            "members.20": "andy-paine",
                            "members.21": "tomrosier",
                            "members.22": "bjgill",
                            "members.23": "bravegrape",
                            "members.24": "jstandring-gds",
                            "members.25": "mhussein-gds",
                            "members.26": "adityapahuja",
                            "members.27": "rhowe-gds",
                            "members.28": "AmritSidhu",
                            "members.29": "alan-gds",
                            "members.3": "issyl0",
                            "members.4": "mrwilson",
                            "members.5": "philandstuff",
                            "members.6": "chrisholmes",
                            "members.7": "thomasalanlee",
                            "members.8": "mmhmm",
                            "members.9": "tlwr",
                            "name": "verify-tech-team-approvers",
                            "permission": "pull",
                            "privacy": "closed",
                            "slug": "verify-tech-team-approvers"
                        },
                        "meta": {},
                        "tainted": false
                    },
                    "deposed": [],
                    "provider": "provider.github"
                },
                "data.github_team.tech_team": {
                    "type": "github_team",
                    "depends_on": [],
                    "primary": {
                        "id": "2830432",
                        "attributes": {
                            "description": "Verify Tech Team",
                            "id": "2830432",
                            "members.#": "30",
                            "members.0": "idrop",
                            "members.1": "46bit",
                            "members.10": "kerrr",
                            "members.11": "zilnhoj",
                            "members.12": "Todai88",
                            "members.13": "robinmitra",
                            "members.14": "brenetic",
                            "members.15": "nacnudus",
                            "members.16": "CharlesIC",
                            "members.17": "jkunle",
                            "members.18": "sakisv",
                            "members.19": "stephengrier",
                            "members.2": "galund",
                            "members.20": "Rosa-Fox",
                            "members.21": "AnneCarr",
                            "members.22": "ida-build-bot",
                            "members.23": "chrisclayson",
                            "members.24": "smford",
                            "members.25": "blairboy362",
                            "members.26": "Wynndow",
                            "members.27": "andy-paine",
                            "members.28": "tomrosier",
                            "members.29": "bjgill",
                            "members.3": "issyl0",
                            "members.4": "mrwilson",
                            "members.5": "philandstuff",
                            "members.6": "chrisholmes",
                            "members.7": "thomasalanlee",
                            "members.8": "mmhmm",
                            "members.9": "tlwr",
                            "name": "verify-tech-team",
                            "permission": "pull",
                            "privacy": "closed",
                            "slug": "verify-tech-team"
                        },
                        "meta": {},
                        "tainted": false
                    },
                    "deposed": [],
                    "provider": "provider.github"
                },
                "github_team_membership.team_membership": {
                    "type": "github_team_membership",
                    "depends_on": [],
                    "primary": {
                        "id": "2826122:alan-gds",
                        "attributes": {
                            "etag": "W/\"c80740dc7ee4f4256708b2b261a686a7\"",
                            "id": "2826122:alan-gds",
                            "role": "member",
                            "team_id": "2826122",
                            "username": "alan-gds"
                        },
                        "meta": {},
                        "tainted": false
                    },
                    "deposed": [],
                    "provider": "provider.github"
                },
                "github_team_membership.tech_team_approver": {
                    "type": "github_team_membership",
                    "depends_on": [
                        "data.github_team.approvers_team"
                    ],
                    "primary": {
                        "id": "3101758:alan-gds",
                        "attributes": {
                            "etag": "W/\"768e90469c027bf06bc83952d7ef2d26\"",
                            "id": "3101758:alan-gds",
                            "role": "member",
                            "team_id": "3101758",
                            "username": "alan-gds"
                        },
                        "meta": {},
                        "tainted": false
                    },
                    "deposed": [],
                    "provider": "provider.github"
                }
            },
            "depends_on": []
        },
        {
            "path": [
                "root",
                "user_alexandergeegds"
            ],
            "outputs": {},
            "resources": {
                "data.github_team.approvers_team": {
                    "type": "github_team",
                    "depends_on": [],
                    "primary": {
                        "id": "3101758",
                        "attributes": {
                            "description": "Verify tech team: verify-tech-team-approvers",
                            "id": "3101758",
                            "members.#": "30",
                            "members.0": "idrop",
                            "members.1": "46bit",
                            "members.10": "kerrr",
                            "members.11": "robinmitra",
                            "members.12": "brenetic",
                            "members.13": "CharlesIC",
                            "members.14": "sakisv",
                            "members.15": "Rosa-Fox",
                            "members.16": "chrisclayson",
                            "members.17": "smford",
                            "members.18": "blairboy362",
                            "members.19": "Wynndow",
                            "members.2": "galund",
                            "members.20": "andy-paine",
                            "members.21": "tomrosier",
                            "members.22": "bjgill",
                            "members.23": "bravegrape",
                            "members.24": "jstandring-gds",
                            "members.25": "mhussein-gds",
                            "members.26": "adityapahuja",
                            "members.27": "rhowe-gds",
                            "members.28": "AmritSidhu",
                            "members.29": "alan-gds",
                            "members.3": "issyl0",
                            "members.4": "mrwilson",
                            "members.5": "philandstuff",
                            "members.6": "chrisholmes",
                            "members.7": "thomasalanlee",
                            "members.8": "mmhmm",
                            "members.9": "tlwr",
                            "name": "verify-tech-team-approvers",
                            "permission": "pull",
                            "privacy": "closed",
                            "slug": "verify-tech-team-approvers"
                        },
                        "meta": {},
                        "tainted": false
                    },
                    "deposed": [],
                    "provider": "provider.github"
                },
                "data.github_team.tech_team": {
                    "type": "github_team",
                    "depends_on": [],
                    "primary": {
                        "id": "2830432",
                        "attributes": {
                            "description": "Verify Tech Team",
                            "id": "2830432",
                            "members.#": "30",
                            "members.0": "idrop",
                            "members.1": "46bit",
                            "members.10": "kerrr",
                            "members.11": "zilnhoj",
                            "members.12": "Todai88",
                            "members.13": "robinmitra",
                            "members.14": "brenetic",
                            "members.15": "nacnudus",
                            "members.16": "CharlesIC",
                            "members.17": "jkunle",
                            "members.18": "sakisv",
                            "members.19": "stephengrier",
                            "members.2": "galund",
                            "members.20": "Rosa-Fox",
                            "members.21": "AnneCarr",
                            "members.22": "ida-build-bot",
                            "members.23": "chrisclayson",
                            "members.24": "smford",
                            "members.25": "blairboy362",
                            "members.26": "Wynndow",
                            "members.27": "andy-paine",
                            "members.28": "tomrosier",
                            "members.29": "bjgill",
                            "members.3": "issyl0",
                            "members.4": "mrwilson",
                            "members.5": "philandstuff",
                            "members.6": "chrisholmes",
                            "members.7": "thomasalanlee",
                            "members.8": "mmhmm",
                            "members.9": "tlwr",
                            "name": "verify-tech-team",
                            "permission": "pull",
                            "privacy": "closed",
                            "slug": "verify-tech-team"
                        },
                        "meta": {},
                        "tainted": false
                    },
                    "deposed": [],
                    "provider": "provider.github"
                },
                "github_team_membership.team_membership": {
                    "type": "github_team_membership",
                    "depends_on": [],
                    "primary": {
                        "id": "2826122:alexandergeegds",
                        "attributes": {
                            "etag": "W/\"1ef963702e9e1f2e619fd1b47abeb26c\"",
                            "id": "2826122:alexandergeegds",
                            "role": "member",
                            "team_id": "2826122",
                            "username": "alexandergeegds"
                        },
                        "meta": {},
                        "tainted": false
                    },
                    "deposed": [],
                    "provider": "provider.github"
                },
                "github_team_membership.tech_team_approver": {
                    "type": "github_team_membership",
                    "depends_on": [
                        "data.github_team.approvers_team"
                    ],
                    "primary": {
                        "id": "3101758:alexandergeegds",
                        "attributes": {
                            "etag": "W/\"10010a477cf1ecf4287619c0b44e48bb\"",
                            "id": "3101758:alexandergeegds",
                            "role": "member",
                            "team_id": "3101758",
                            "username": "alexandergeegds"
                        },
                        "meta": {},
                        "tainted": false
                    },
                    "deposed": [],
                    "provider": "provider.github"
                }
            },
            "depends_on": []
        },
        {
            "path": [
                "root",
                "user_amritsidhu"
            ],
            "outputs": {},
            "resources": {
                "data.github_team.approvers_team": {
                    "type": "github_team",
                    "depends_on": [],
                    "primary": {
                        "id": "3101758",
                        "attributes": {
                            "description": "Verify tech team: verify-tech-team-approvers",
                            "id": "3101758",
                            "members.#": "30",
                            "members.0": "idrop",
                            "members.1": "46bit",
                            "members.10": "kerrr",
                            "members.11": "robinmitra",
                            "members.12": "brenetic",
                            "members.13": "CharlesIC",
                            "members.14": "sakisv",
                            "members.15": "Rosa-Fox",
                            "members.16": "chrisclayson",
                            "members.17": "smford",
                            "members.18": "blairboy362",
                            "members.19": "Wynndow",
                            "members.2": "galund",
                            "members.20": "andy-paine",
                            "members.21": "tomrosier",
                            "members.22": "bjgill",
                            "members.23": "bravegrape",
                            "members.24": "jstandring-gds",
                            "members.25": "mhussein-gds",
                            "members.26": "adityapahuja",
                            "members.27": "rhowe-gds",
                            "members.28": "AmritSidhu",
                            "members.29": "alan-gds",
                            "members.3": "issyl0",
                            "members.4": "mrwilson",
                            "members.5": "philandstuff",
                            "members.6": "chrisholmes",
                            "members.7": "thomasalanlee",
                            "members.8": "mmhmm",
                            "members.9": "tlwr",
                            "name": "verify-tech-team-approvers",
                            "permission": "pull",
                            "privacy": "closed",
                            "slug": "verify-tech-team-approvers"
                        },
                        "meta": {},
                        "tainted": false
                    },
                    "deposed": [],
                    "provider": "provider.github"
                },
                "data.github_team.tech_team": {
                    "type": "github_team",
                    "depends_on": [],
                    "primary": {
                        "id": "2830432",
                        "attributes": {
                            "description": "Verify Tech Team",
                            "id": "2830432",
                            "members.#": "30",
                            "members.0": "idrop",
                            "members.1": "46bit",
                            "members.10": "kerrr",
                            "members.11": "zilnhoj",
                            "members.12": "Todai88",
                            "members.13": "robinmitra",
                            "members.14": "brenetic",
                            "members.15": "nacnudus",
                            "members.16": "CharlesIC",
                            "members.17": "jkunle",
                            "members.18": "sakisv",
                            "members.19": "stephengrier",
                            "members.2": "galund",
                            "members.20": "Rosa-Fox",
                            "members.21": "AnneCarr",
                            "members.22": "ida-build-bot",
                            "members.23": "chrisclayson",
                            "members.24": "smford",
                            "members.25": "blairboy362",
                            "members.26": "Wynndow",
                            "members.27": "andy-paine",
                            "members.28": "tomrosier",
                            "members.29": "bjgill",
                            "members.3": "issyl0",
                            "members.4": "mrwilson",
                            "members.5": "philandstuff",
                            "members.6": "chrisholmes",
                            "members.7": "thomasalanlee",
                            "members.8": "mmhmm",
                            "members.9": "tlwr",
                            "name": "verify-tech-team",
                            "permission": "pull",
                            "privacy": "closed",
                            "slug": "verify-tech-team"
                        },
                        "meta": {},
                        "tainted": false
                    },
                    "deposed": [],
                    "provider": "provider.github"
                },
                "github_team_membership.team_membership": {
                    "type": "github_team_membership",
                    "depends_on": [],
                    "primary": {
                        "id": "2826122:AmritSidhu",
                        "attributes": {
                            "etag": "W/\"a4db3effc07cc85dc95fbd3ee5983a59\"",
                            "id": "2826122:AmritSidhu",
                            "role": "member",
                            "team_id": "2826122",
                            "username": "AmritSidhu"
                        },
                        "meta": {},
                        "tainted": false
                    },
                    "deposed": [],
                    "provider": "provider.github"
                },
                "github_team_membership.tech_team_approver": {
                    "type": "github_team_membership",
                    "depends_on": [
                        "data.github_team.approvers_team"
                    ],
                    "primary": {
                        "id": "3101758:AmritSidhu",
                        "attributes": {
                            "etag": "W/\"cbead504a692234813ba37d0b2dce76c\"",
                            "id": "3101758:AmritSidhu",
                            "role": "member",
                            "team_id": "3101758",
                            "username": "AmritSidhu"
                        },
                        "meta": {},
                        "tainted": false
                    },
                    "deposed": [],
                    "provider": "provider.github"
                }
            },
            "depends_on": []
        },
        {
            "path": [
                "root",
                "user_andy_paine"
            ],
            "outputs": {},
            "resources": {
                "data.github_team.approvers_team": {
                    "type": "github_team",
                    "depends_on": [],
                    "primary": {
                        "id": "3101758",
                        "attributes": {
                            "description": "Verify tech team: verify-tech-team-approvers",
                            "id": "3101758",
                            "members.#": "30",
                            "members.0": "idrop",
                            "members.1": "46bit",
                            "members.10": "kerrr",
                            "members.11": "robinmitra",
                            "members.12": "brenetic",
                            "members.13": "CharlesIC",
                            "members.14": "sakisv",
                            "members.15": "Rosa-Fox",
                            "members.16": "chrisclayson",
                            "members.17": "smford",
                            "members.18": "blairboy362",
                            "members.19": "Wynndow",
                            "members.2": "galund",
                            "members.20": "andy-paine",
                            "members.21": "tomrosier",
                            "members.22": "bjgill",
                            "members.23": "bravegrape",
                            "members.24": "jstandring-gds",
                            "members.25": "mhussein-gds",
                            "members.26": "adityapahuja",
                            "members.27": "rhowe-gds",
                            "members.28": "AmritSidhu",
                            "members.29": "alan-gds",
                            "members.3": "issyl0",
                            "members.4": "mrwilson",
                            "members.5": "philandstuff",
                            "members.6": "chrisholmes",
                            "members.7": "thomasalanlee",
                            "members.8": "mmhmm",
                            "members.9": "tlwr",
                            "name": "verify-tech-team-approvers",
                            "permission": "pull",
                            "privacy": "closed",
                            "slug": "verify-tech-team-approvers"
                        },
                        "meta": {},
                        "tainted": false
                    },
                    "deposed": [],
                    "provider": "provider.github"
                },
                "data.github_team.tech_team": {
                    "type": "github_team",
                    "depends_on": [],
                    "primary": {
                        "id": "2830432",
                        "attributes": {
                            "description": "Verify Tech Team",
                            "id": "2830432",
                            "members.#": "30",
                            "members.0": "idrop",
                            "members.1": "46bit",
                            "members.10": "kerrr",
                            "members.11": "zilnhoj",
                            "members.12": "Todai88",
                            "members.13": "robinmitra",
                            "members.14": "brenetic",
                            "members.15": "nacnudus",
                            "members.16": "CharlesIC",
                            "members.17": "jkunle",
                            "members.18": "sakisv",
                            "members.19": "stephengrier",
                            "members.2": "galund",
                            "members.20": "Rosa-Fox",
                            "members.21": "AnneCarr",
                            "members.22": "ida-build-bot",
                            "members.23": "chrisclayson",
                            "members.24": "smford",
                            "members.25": "blairboy362",
                            "members.26": "Wynndow",
                            "members.27": "andy-paine",
                            "members.28": "tomrosier",
                            "members.29": "bjgill",
                            "members.3": "issyl0",
                            "members.4": "mrwilson",
                            "members.5": "philandstuff",
                            "members.6": "chrisholmes",
                            "members.7": "thomasalanlee",
                            "members.8": "mmhmm",
                            "members.9": "tlwr",
                            "name": "verify-tech-team",
                            "permission": "pull",
                            "privacy": "closed",
                            "slug": "verify-tech-team"
                        },
                        "meta": {},
                        "tainted": false
                    },
                    "deposed": [],
                    "provider": "provider.github"
                },
                "github_team_membership.team_membership.0": {
                    "type": "github_team_membership",
                    "depends_on": [],
                    "primary": {
                        "id": "2826122:andy-paine",
                        "attributes": {
                            "etag": "W/\"6f060464fa82cd6928b46642b6b6e3dd\"",
                            "id": "2826122:andy-paine",
                            "role": "member",
                            "team_id": "2826122",
                            "username": "andy-paine"
                        },
                        "meta": {},
                        "tainted": false
                    },
                    "deposed": [],
                    "provider": "provider.github"
                },
                "github_team_membership.team_membership.1": {
                    "type": "github_team_membership",
                    "depends_on": [],
                    "primary": {
                        "id": "2826127:andy-paine",
                        "attributes": {
                            "etag": "W/\"5751479e15c82ef86ccdc64d0a1894ea\"",
                            "id": "2826127:andy-paine",
                            "role": "member",
                            "team_id": "2826127",
                            "username": "andy-paine"
                        },
                        "meta": {},
                        "tainted": false
                    },
                    "deposed": [],
                    "provider": "provider.github"
                },
                "github_team_membership.tech_team_approver": {
                    "type": "github_team_membership",
                    "depends_on": [
                        "data.github_team.approvers_team"
                    ],
                    "primary": {
                        "id": "3101758:andy-paine",
                        "attributes": {
                            "etag": "W/\"49f09333015f5ca7e9a85cf98fdc387a\"",
                            "id": "3101758:andy-paine",
                            "role": "member",
                            "team_id": "3101758",
                            "username": "andy-paine"
                        },
                        "meta": {},
                        "tainted": false
                    },
                    "deposed": [],
                    "provider": "provider.github"
                }
            },
            "depends_on": []
        },
        {
            "path": [
                "root",
                "user_annecarr"
            ],
            "outputs": {},
            "resources": {
                "data.github_team.approvers_team": {
                    "type": "github_team",
                    "depends_on": [],
                    "primary": {
                        "id": "3101758",
                        "attributes": {
                            "description": "Verify tech team: verify-tech-team-approvers",
                            "id": "3101758",
                            "members.#": "30",
                            "members.0": "idrop",
                            "members.1": "46bit",
                            "members.10": "kerrr",
                            "members.11": "robinmitra",
                            "members.12": "brenetic",
                            "members.13": "CharlesIC",
                            "members.14": "sakisv",
                            "members.15": "Rosa-Fox",
                            "members.16": "chrisclayson",
                            "members.17": "smford",
                            "members.18": "blairboy362",
                            "members.19": "Wynndow",
                            "members.2": "galund",
                            "members.20": "andy-paine",
                            "members.21": "tomrosier",
                            "members.22": "bjgill",
                            "members.23": "bravegrape",
                            "members.24": "jstandring-gds",
                            "members.25": "mhussein-gds",
                            "members.26": "adityapahuja",
                            "members.27": "rhowe-gds",
                            "members.28": "AmritSidhu",
                            "members.29": "alan-gds",
                            "members.3": "issyl0",
                            "members.4": "mrwilson",
                            "members.5": "philandstuff",
                            "members.6": "chrisholmes",
                            "members.7": "thomasalanlee",
                            "members.8": "mmhmm",
                            "members.9": "tlwr",
                            "name": "verify-tech-team-approvers",
                            "permission": "pull",
                            "privacy": "closed",
                            "slug": "verify-tech-team-approvers"
                        },
                        "meta": {},
                        "tainted": false
                    },
                    "deposed": [],
                    "provider": "provider.github"
                },
                "data.github_team.tech_team": {
                    "type": "github_team",
                    "depends_on": [],
                    "primary": {
                        "id": "2830432",
                        "attributes": {
                            "description": "Verify Tech Team",
                            "id": "2830432",
                            "members.#": "30",
                            "members.0": "idrop",
                            "members.1": "46bit",
                            "members.10": "kerrr",
                            "members.11": "zilnhoj",
                            "members.12": "Todai88",
                            "members.13": "robinmitra",
                            "members.14": "brenetic",
                            "members.15": "nacnudus",
                            "members.16": "CharlesIC",
                            "members.17": "jkunle",
                            "members.18": "sakisv",
                            "members.19": "stephengrier",
                            "members.2": "galund",
                            "members.20": "Rosa-Fox",
                            "members.21": "AnneCarr",
                            "members.22": "ida-build-bot",
                            "members.23": "chrisclayson",
                            "members.24": "smford",
                            "members.25": "blairboy362",
                            "members.26": "Wynndow",
                            "members.27": "andy-paine",
                            "members.28": "tomrosier",
                            "members.29": "bjgill",
                            "members.3": "issyl0",
                            "members.4": "mrwilson",
                            "members.5": "philandstuff",
                            "members.6": "chrisholmes",
                            "members.7": "thomasalanlee",
                            "members.8": "mmhmm",
                            "members.9": "tlwr",
                            "name": "verify-tech-team",
                            "permission": "pull",
                            "privacy": "closed",
                            "slug": "verify-tech-team"
                        },
                        "meta": {},
                        "tainted": false
                    },
                    "deposed": [],
                    "provider": "provider.github"
                },
                "github_team_membership.team_membership": {
                    "type": "github_team_membership",
                    "depends_on": [],
                    "primary": {
                        "id": "2826122:AnneCarr",
                        "attributes": {
                            "etag": "W/\"cd8dd9bdb2dd7339c9c640d341924a33\"",
                            "id": "2826122:AnneCarr",
                            "role": "member",
                            "team_id": "2826122",
                            "username": "AnneCarr"
                        },
                        "meta": {},
                        "tainted": false
                    },
                    "deposed": [],
                    "provider": "provider.github"
                }
            },
            "depends_on": []
        },
        {
            "path": [
                "root",
                "user_benjamin_mortimer"
            ],
            "outputs": {},
            "resources": {
                "data.github_team.approvers_team": {
                    "type": "github_team",
                    "depends_on": [],
                    "primary": {
                        "id": "3101758",
                        "attributes": {
                            "description": "Verify tech team: verify-tech-team-approvers",
                            "id": "3101758",
                            "members.#": "30",
                            "members.0": "idrop",
                            "members.1": "46bit",
                            "members.10": "kerrr",
                            "members.11": "robinmitra",
                            "members.12": "brenetic",
                            "members.13": "CharlesIC",
                            "members.14": "sakisv",
                            "members.15": "Rosa-Fox",
                            "members.16": "chrisclayson",
                            "members.17": "smford",
                            "members.18": "blairboy362",
                            "members.19": "Wynndow",
                            "members.2": "galund",
                            "members.20": "andy-paine",
                            "members.21": "tomrosier",
                            "members.22": "bjgill",
                            "members.23": "bravegrape",
                            "members.24": "jstandring-gds",
                            "members.25": "mhussein-gds",
                            "members.26": "adityapahuja",
                            "members.27": "rhowe-gds",
                            "members.28": "AmritSidhu",
                            "members.29": "alan-gds",
                            "members.3": "issyl0",
                            "members.4": "mrwilson",
                            "members.5": "philandstuff",
                            "members.6": "chrisholmes",
                            "members.7": "thomasalanlee",
                            "members.8": "mmhmm",
                            "members.9": "tlwr",
                            "name": "verify-tech-team-approvers",
                            "permission": "pull",
                            "privacy": "closed",
                            "slug": "verify-tech-team-approvers"
                        },
                        "meta": {},
                        "tainted": false
                    },
                    "deposed": [],
                    "provider": "provider.github"
                },
                "data.github_team.tech_team": {
                    "type": "github_team",
                    "depends_on": [],
                    "primary": {
                        "id": "2830432",
                        "attributes": {
                            "description": "Verify Tech Team",
                            "id": "2830432",
                            "members.#": "30",
                            "members.0": "idrop",
                            "members.1": "46bit",
                            "members.10": "kerrr",
                            "members.11": "zilnhoj",
                            "members.12": "Todai88",
                            "members.13": "robinmitra",
                            "members.14": "brenetic",
                            "members.15": "nacnudus",
                            "members.16": "CharlesIC",
                            "members.17": "jkunle",
                            "members.18": "sakisv",
                            "members.19": "stephengrier",
                            "members.2": "galund",
                            "members.20": "Rosa-Fox",
                            "members.21": "AnneCarr",
                            "members.22": "ida-build-bot",
                            "members.23": "chrisclayson",
                            "members.24": "smford",
                            "members.25": "blairboy362",
                            "members.26": "Wynndow",
                            "members.27": "andy-paine",
                            "members.28": "tomrosier",
                            "members.29": "bjgill",
                            "members.3": "issyl0",
                            "members.4": "mrwilson",
                            "members.5": "philandstuff",
                            "members.6": "chrisholmes",
                            "members.7": "thomasalanlee",
                            "members.8": "mmhmm",
                            "members.9": "tlwr",
                            "name": "verify-tech-team",
                            "permission": "pull",
                            "privacy": "closed",
                            "slug": "verify-tech-team"
                        },
                        "meta": {},
                        "tainted": false
                    },
                    "deposed": [],
                    "provider": "provider.github"
                },
                "github_team_membership.team_membership.0": {
                    "type": "github_team_membership",
                    "depends_on": [],
                    "primary": {
                        "id": "2826122:benjamin-mortimer",
                        "attributes": {
                            "etag": "W/\"b5eae1191ea272df66479dd486a0de78\"",
                            "id": "2826122:benjamin-mortimer",
                            "role": "member",
                            "team_id": "2826122",
                            "username": "benjamin-mortimer"
                        },
                        "meta": {},
                        "tainted": false
                    },
                    "deposed": [],
                    "provider": "provider.github"
                },
                "github_team_membership.team_membership.1": {
                    "type": "github_team_membership",
                    "depends_on": [],
                    "primary": {
                        "id": "2826126:benjamin-mortimer",
                        "attributes": {
                            "etag": "W/\"91239ba57f15a3a55646f5a18f864b60\"",
                            "id": "2826126:benjamin-mortimer",
                            "role": "member",
                            "team_id": "2826126",
                            "username": "benjamin-mortimer"
                        },
                        "meta": {},
                        "tainted": false
                    },
                    "deposed": [],
                    "provider": "provider.github"
                }
            },
            "depends_on": []
        },
        {
            "path": [
                "root",
                "user_bjgill"
            ],
            "outputs": {},
            "resources": {
                "data.github_team.approvers_team": {
                    "type": "github_team",
                    "depends_on": [],
                    "primary": {
                        "id": "3101758",
                        "attributes": {
                            "description": "Verify tech team: verify-tech-team-approvers",
                            "id": "3101758",
                            "members.#": "30",
                            "members.0": "idrop",
                            "members.1": "46bit",
                            "members.10": "kerrr",
                            "members.11": "robinmitra",
                            "members.12": "brenetic",
                            "members.13": "CharlesIC",
                            "members.14": "sakisv",
                            "members.15": "Rosa-Fox",
                            "members.16": "chrisclayson",
                            "members.17": "smford",
                            "members.18": "blairboy362",
                            "members.19": "Wynndow",
                            "members.2": "galund",
                            "members.20": "andy-paine",
                            "members.21": "tomrosier",
                            "members.22": "bjgill",
                            "members.23": "bravegrape",
                            "members.24": "jstandring-gds",
                            "members.25": "mhussein-gds",
                            "members.26": "adityapahuja",
                            "members.27": "rhowe-gds",
                            "members.28": "AmritSidhu",
                            "members.29": "alan-gds",
                            "members.3": "issyl0",
                            "members.4": "mrwilson",
                            "members.5": "philandstuff",
                            "members.6": "chrisholmes",
                            "members.7": "thomasalanlee",
                            "members.8": "mmhmm",
                            "members.9": "tlwr",
                            "name": "verify-tech-team-approvers",
                            "permission": "pull",
                            "privacy": "closed",
                            "slug": "verify-tech-team-approvers"
                        },
                        "meta": {},
                        "tainted": false
                    },
                    "deposed": [],
                    "provider": "provider.github"
                },
                "data.github_team.tech_team": {
                    "type": "github_team",
                    "depends_on": [],
                    "primary": {
                        "id": "2830432",
                        "attributes": {
                            "description": "Verify Tech Team",
                            "id": "2830432",
                            "members.#": "30",
                            "members.0": "idrop",
                            "members.1": "46bit",
                            "members.10": "kerrr",
                            "members.11": "zilnhoj",
                            "members.12": "Todai88",
                            "members.13": "robinmitra",
                            "members.14": "brenetic",
                            "members.15": "nacnudus",
                            "members.16": "CharlesIC",
                            "members.17": "jkunle",
                            "members.18": "sakisv",
                            "members.19": "stephengrier",
                            "members.2": "galund",
                            "members.20": "Rosa-Fox",
                            "members.21": "AnneCarr",
                            "members.22": "ida-build-bot",
                            "members.23": "chrisclayson",
                            "members.24": "smford",
                            "members.25": "blairboy362",
                            "members.26": "Wynndow",
                            "members.27": "andy-paine",
                            "members.28": "tomrosier",
                            "members.29": "bjgill",
                            "members.3": "issyl0",
                            "members.4": "mrwilson",
                            "members.5": "philandstuff",
                            "members.6": "chrisholmes",
                            "members.7": "thomasalanlee",
                            "members.8": "mmhmm",
                            "members.9": "tlwr",
                            "name": "verify-tech-team",
                            "permission": "pull",
                            "privacy": "closed",
                            "slug": "verify-tech-team"
                        },
                        "meta": {},
                        "tainted": false
                    },
                    "deposed": [],
                    "provider": "provider.github"
                },
                "github_team_membership.team_membership": {
                    "type": "github_team_membership",
                    "depends_on": [],
                    "primary": {
                        "id": "2826122:bjgill",
                        "attributes": {
                            "etag": "W/\"50d66f72c1d460173002fc42ccca549b\"",
                            "id": "2826122:bjgill",
                            "role": "member",
                            "team_id": "2826122",
                            "username": "bjgill"
                        },
                        "meta": {},
                        "tainted": false
                    },
                    "deposed": [],
                    "provider": "provider.github"
                },
                "github_team_membership.tech_team_approver": {
                    "type": "github_team_membership",
                    "depends_on": [
                        "data.github_team.approvers_team"
                    ],
                    "primary": {
                        "id": "3101758:bjgill",
                        "attributes": {
                            "etag": "W/\"f97c53ea4e9a27c7a057cdcdcc6e83a3\"",
                            "id": "3101758:bjgill",
                            "role": "member",
                            "team_id": "3101758",
                            "username": "bjgill"
                        },
                        "meta": {},
                        "tainted": false
                    },
                    "deposed": [],
                    "provider": "provider.github"
                }
            },
            "depends_on": []
        },
        {
            "path": [
                "root",
                "user_blairboy362"
            ],
            "outputs": {},
            "resources": {
                "data.github_team.approvers_team": {
                    "type": "github_team",
                    "depends_on": [],
                    "primary": {
                        "id": "3101758",
                        "attributes": {
                            "description": "Verify tech team: verify-tech-team-approvers",
                            "id": "3101758",
                            "members.#": "30",
                            "members.0": "idrop",
                            "members.1": "46bit",
                            "members.10": "kerrr",
                            "members.11": "robinmitra",
                            "members.12": "brenetic",
                            "members.13": "CharlesIC",
                            "members.14": "sakisv",
                            "members.15": "Rosa-Fox",
                            "members.16": "chrisclayson",
                            "members.17": "smford",
                            "members.18": "blairboy362",
                            "members.19": "Wynndow",
                            "members.2": "galund",
                            "members.20": "andy-paine",
                            "members.21": "tomrosier",
                            "members.22": "bjgill",
                            "members.23": "bravegrape",
                            "members.24": "jstandring-gds",
                            "members.25": "mhussein-gds",
                            "members.26": "adityapahuja",
                            "members.27": "rhowe-gds",
                            "members.28": "AmritSidhu",
                            "members.29": "alan-gds",
                            "members.3": "issyl0",
                            "members.4": "mrwilson",
                            "members.5": "philandstuff",
                            "members.6": "chrisholmes",
                            "members.7": "thomasalanlee",
                            "members.8": "mmhmm",
                            "members.9": "tlwr",
                            "name": "verify-tech-team-approvers",
                            "permission": "pull",
                            "privacy": "closed",
                            "slug": "verify-tech-team-approvers"
                        },
                        "meta": {},
                        "tainted": false
                    },
                    "deposed": [],
                    "provider": "provider.github"
                },
                "data.github_team.tech_team": {
                    "type": "github_team",
                    "depends_on": [],
                    "primary": {
                        "id": "2830432",
                        "attributes": {
                            "description": "Verify Tech Team",
                            "id": "2830432",
                            "members.#": "30",
                            "members.0": "idrop",
                            "members.1": "46bit",
                            "members.10": "kerrr",
                            "members.11": "zilnhoj",
                            "members.12": "Todai88",
                            "members.13": "robinmitra",
                            "members.14": "brenetic",
                            "members.15": "nacnudus",
                            "members.16": "CharlesIC",
                            "members.17": "jkunle",
                            "members.18": "sakisv",
                            "members.19": "stephengrier",
                            "members.2": "galund",
                            "members.20": "Rosa-Fox",
                            "members.21": "AnneCarr",
                            "members.22": "ida-build-bot",
                            "members.23": "chrisclayson",
                            "members.24": "smford",
                            "members.25": "blairboy362",
                            "members.26": "Wynndow",
                            "members.27": "andy-paine",
                            "members.28": "tomrosier",
                            "members.29": "bjgill",
                            "members.3": "issyl0",
                            "members.4": "mrwilson",
                            "members.5": "philandstuff",
                            "members.6": "chrisholmes",
                            "members.7": "thomasalanlee",
                            "members.8": "mmhmm",
                            "members.9": "tlwr",
                            "name": "verify-tech-team",
                            "permission": "pull",
                            "privacy": "closed",
                            "slug": "verify-tech-team"
                        },
                        "meta": {},
                        "tainted": false
                    },
                    "deposed": [],
                    "provider": "provider.github"
                },
                "github_team_membership.team_membership": {
                    "type": "github_team_membership",
                    "depends_on": [],
                    "primary": {
                        "id": "2826127:blairboy362",
                        "attributes": {
                            "etag": "W/\"6bfa59ea2144207d60da057ffc8e5537\"",
                            "id": "2826127:blairboy362",
                            "role": "member",
                            "team_id": "2826127",
                            "username": "blairboy362"
                        },
                        "meta": {},
                        "tainted": false
                    },
                    "deposed": [],
                    "provider": "provider.github"
                },
                "github_team_membership.tech_team_approver": {
                    "type": "github_team_membership",
                    "depends_on": [
                        "data.github_team.approvers_team"
                    ],
                    "primary": {
                        "id": "3101758:blairboy362",
                        "attributes": {
                            "etag": "W/\"1cc41edcaec735e8e8338dd69992ccad\"",
                            "id": "3101758:blairboy362",
                            "role": "member",
                            "team_id": "3101758",
                            "username": "blairboy362"
                        },
                        "meta": {},
                        "tainted": false
                    },
                    "deposed": [],
                    "provider": "provider.github"
                }
            },
            "depends_on": []
        },
        {
            "path": [
                "root",
                "user_bravegrape"
            ],
            "outputs": {},
            "resources": {
                "data.github_team.approvers_team": {
                    "type": "github_team",
                    "depends_on": [],
                    "primary": {
                        "id": "3101758",
                        "attributes": {
                            "description": "Verify tech team: verify-tech-team-approvers",
                            "id": "3101758",
                            "members.#": "30",
                            "members.0": "idrop",
                            "members.1": "46bit",
                            "members.10": "kerrr",
                            "members.11": "robinmitra",
                            "members.12": "brenetic",
                            "members.13": "CharlesIC",
                            "members.14": "sakisv",
                            "members.15": "Rosa-Fox",
                            "members.16": "chrisclayson",
                            "members.17": "smford",
                            "members.18": "blairboy362",
                            "members.19": "Wynndow",
                            "members.2": "galund",
                            "members.20": "andy-paine",
                            "members.21": "tomrosier",
                            "members.22": "bjgill",
                            "members.23": "bravegrape",
                            "members.24": "jstandring-gds",
                            "members.25": "mhussein-gds",
                            "members.26": "adityapahuja",
                            "members.27": "rhowe-gds",
                            "members.28": "AmritSidhu",
                            "members.29": "alan-gds",
                            "members.3": "issyl0",
                            "members.4": "mrwilson",
                            "members.5": "philandstuff",
                            "members.6": "chrisholmes",
                            "members.7": "thomasalanlee",
                            "members.8": "mmhmm",
                            "members.9": "tlwr",
                            "name": "verify-tech-team-approvers",
                            "permission": "pull",
                            "privacy": "closed",
                            "slug": "verify-tech-team-approvers"
                        },
                        "meta": {},
                        "tainted": false
                    },
                    "deposed": [],
                    "provider": "provider.github"
                },
                "data.github_team.tech_team": {
                    "type": "github_team",
                    "depends_on": [],
                    "primary": {
                        "id": "2830432",
                        "attributes": {
                            "description": "Verify Tech Team",
                            "id": "2830432",
                            "members.#": "30",
                            "members.0": "idrop",
                            "members.1": "46bit",
                            "members.10": "kerrr",
                            "members.11": "zilnhoj",
                            "members.12": "Todai88",
                            "members.13": "robinmitra",
                            "members.14": "brenetic",
                            "members.15": "nacnudus",
                            "members.16": "CharlesIC",
                            "members.17": "jkunle",
                            "members.18": "sakisv",
                            "members.19": "stephengrier",
                            "members.2": "galund",
                            "members.20": "Rosa-Fox",
                            "members.21": "AnneCarr",
                            "members.22": "ida-build-bot",
                            "members.23": "chrisclayson",
                            "members.24": "smford",
                            "members.25": "blairboy362",
                            "members.26": "Wynndow",
                            "members.27": "andy-paine",
                            "members.28": "tomrosier",
                            "members.29": "bjgill",
                            "members.3": "issyl0",
                            "members.4": "mrwilson",
                            "members.5": "philandstuff",
                            "members.6": "chrisholmes",
                            "members.7": "thomasalanlee",
                            "members.8": "mmhmm",
                            "members.9": "tlwr",
                            "name": "verify-tech-team",
                            "permission": "pull",
                            "privacy": "closed",
                            "slug": "verify-tech-team"
                        },
                        "meta": {},
                        "tainted": false
                    },
                    "deposed": [],
                    "provider": "provider.github"
                },
                "github_team_membership.team_membership": {
                    "type": "github_team_membership",
                    "depends_on": [],
                    "primary": {
                        "id": "2826122:bravegrape",
                        "attributes": {
                            "etag": "W/\"8ac3a00dd485ee7fea0dd116f751b33a\"",
                            "id": "2826122:bravegrape",
                            "role": "member",
                            "team_id": "2826122",
                            "username": "bravegrape"
                        },
                        "meta": {},
                        "tainted": false
                    },
                    "deposed": [],
                    "provider": "provider.github"
                },
                "github_team_membership.tech_team_approver": {
                    "type": "github_team_membership",
                    "depends_on": [
                        "data.github_team.approvers_team"
                    ],
                    "primary": {
                        "id": "3101758:bravegrape",
                        "attributes": {
                            "etag": "W/\"052feca4d14915af84ac8e279390e605\"",
                            "id": "3101758:bravegrape",
                            "role": "member",
                            "team_id": "3101758",
                            "username": "bravegrape"
                        },
                        "meta": {},
                        "tainted": false
                    },
                    "deposed": [],
                    "provider": "provider.github"
                }
            },
            "depends_on": []
        },
        {
            "path": [
                "root",
                "user_brenetic"
            ],
            "outputs": {},
            "resources": {
                "data.github_team.approvers_team": {
                    "type": "github_team",
                    "depends_on": [],
                    "primary": {
                        "id": "3101758",
                        "attributes": {
                            "description": "Verify tech team: verify-tech-team-approvers",
                            "id": "3101758",
                            "members.#": "30",
                            "members.0": "idrop",
                            "members.1": "46bit",
                            "members.10": "kerrr",
                            "members.11": "robinmitra",
                            "members.12": "brenetic",
                            "members.13": "CharlesIC",
                            "members.14": "sakisv",
                            "members.15": "Rosa-Fox",
                            "members.16": "chrisclayson",
                            "members.17": "smford",
                            "members.18": "blairboy362",
                            "members.19": "Wynndow",
                            "members.2": "galund",
                            "members.20": "andy-paine",
                            "members.21": "tomrosier",
                            "members.22": "bjgill",
                            "members.23": "bravegrape",
                            "members.24": "jstandring-gds",
                            "members.25": "mhussein-gds",
                            "members.26": "adityapahuja",
                            "members.27": "rhowe-gds",
                            "members.28": "AmritSidhu",
                            "members.29": "alan-gds",
                            "members.3": "issyl0",
                            "members.4": "mrwilson",
                            "members.5": "philandstuff",
                            "members.6": "chrisholmes",
                            "members.7": "thomasalanlee",
                            "members.8": "mmhmm",
                            "members.9": "tlwr",
                            "name": "verify-tech-team-approvers",
                            "permission": "pull",
                            "privacy": "closed",
                            "slug": "verify-tech-team-approvers"
                        },
                        "meta": {},
                        "tainted": false
                    },
                    "deposed": [],
                    "provider": "provider.github"
                },
                "data.github_team.tech_team": {
                    "type": "github_team",
                    "depends_on": [],
                    "primary": {
                        "id": "2830432",
                        "attributes": {
                            "description": "Verify Tech Team",
                            "id": "2830432",
                            "members.#": "30",
                            "members.0": "idrop",
                            "members.1": "46bit",
                            "members.10": "kerrr",
                            "members.11": "zilnhoj",
                            "members.12": "Todai88",
                            "members.13": "robinmitra",
                            "members.14": "brenetic",
                            "members.15": "nacnudus",
                            "members.16": "CharlesIC",
                            "members.17": "jkunle",
                            "members.18": "sakisv",
                            "members.19": "stephengrier",
                            "members.2": "galund",
                            "members.20": "Rosa-Fox",
                            "members.21": "AnneCarr",
                            "members.22": "ida-build-bot",
                            "members.23": "chrisclayson",
                            "members.24": "smford",
                            "members.25": "blairboy362",
                            "members.26": "Wynndow",
                            "members.27": "andy-paine",
                            "members.28": "tomrosier",
                            "members.29": "bjgill",
                            "members.3": "issyl0",
                            "members.4": "mrwilson",
                            "members.5": "philandstuff",
                            "members.6": "chrisholmes",
                            "members.7": "thomasalanlee",
                            "members.8": "mmhmm",
                            "members.9": "tlwr",
                            "name": "verify-tech-team",
                            "permission": "pull",
                            "privacy": "closed",
                            "slug": "verify-tech-team"
                        },
                        "meta": {},
                        "tainted": false
                    },
                    "deposed": [],
                    "provider": "provider.github"
                },
                "github_team_membership.team_membership": {
                    "type": "github_team_membership",
                    "depends_on": [],
                    "primary": {
                        "id": "2826122:brenetic",
                        "attributes": {
                            "etag": "W/\"fef62ab326f077573ed5ff0d9f67eb85\"",
                            "id": "2826122:brenetic",
                            "role": "maintainer",
                            "team_id": "2826122",
                            "username": "brenetic"
                        },
                        "meta": {},
                        "tainted": false
                    },
                    "deposed": [],
                    "provider": "provider.github"
                },
                "github_team_membership.tech_team_approver": {
                    "type": "github_team_membership",
                    "depends_on": [
                        "data.github_team.approvers_team"
                    ],
                    "primary": {
                        "id": "3101758:brenetic",
                        "attributes": {
                            "etag": "W/\"03db1b69422082ee629e57f9aa43975a\"",
                            "id": "3101758:brenetic",
                            "role": "member",
                            "team_id": "3101758",
                            "username": "brenetic"
                        },
                        "meta": {},
                        "tainted": false
                    },
                    "deposed": [],
                    "provider": "provider.github"
                },
                "github_team_membership.tech_team_maintainer": {
                    "type": "github_team_membership",
                    "depends_on": [
                        "data.github_team.tech_team"
                    ],
                    "primary": {
                        "id": "2830432:brenetic",
                        "attributes": {
                            "etag": "W/\"0dbaace4be7abc37ffe5bf7290579fcf\"",
                            "id": "2830432:brenetic",
                            "role": "maintainer",
                            "team_id": "2830432",
                            "username": "brenetic"
                        },
                        "meta": {},
                        "tainted": false
                    },
                    "deposed": [],
                    "provider": "provider.github"
                }
            },
            "depends_on": []
        },
        {
            "path": [
                "root",
                "user_charlesic"
            ],
            "outputs": {},
            "resources": {
                "data.github_team.approvers_team": {
                    "type": "github_team",
                    "depends_on": [],
                    "primary": {
                        "id": "3101758",
                        "attributes": {
                            "description": "Verify tech team: verify-tech-team-approvers",
                            "id": "3101758",
                            "members.#": "30",
                            "members.0": "idrop",
                            "members.1": "46bit",
                            "members.10": "kerrr",
                            "members.11": "robinmitra",
                            "members.12": "brenetic",
                            "members.13": "CharlesIC",
                            "members.14": "sakisv",
                            "members.15": "Rosa-Fox",
                            "members.16": "chrisclayson",
                            "members.17": "smford",
                            "members.18": "blairboy362",
                            "members.19": "Wynndow",
                            "members.2": "galund",
                            "members.20": "andy-paine",
                            "members.21": "tomrosier",
                            "members.22": "bjgill",
                            "members.23": "bravegrape",
                            "members.24": "jstandring-gds",
                            "members.25": "mhussein-gds",
                            "members.26": "adityapahuja",
                            "members.27": "rhowe-gds",
                            "members.28": "AmritSidhu",
                            "members.29": "alan-gds",
                            "members.3": "issyl0",
                            "members.4": "mrwilson",
                            "members.5": "philandstuff",
                            "members.6": "chrisholmes",
                            "members.7": "thomasalanlee",
                            "members.8": "mmhmm",
                            "members.9": "tlwr",
                            "name": "verify-tech-team-approvers",
                            "permission": "pull",
                            "privacy": "closed",
                            "slug": "verify-tech-team-approvers"
                        },
                        "meta": {},
                        "tainted": false
                    },
                    "deposed": [],
                    "provider": "provider.github"
                },
                "data.github_team.tech_team": {
                    "type": "github_team",
                    "depends_on": [],
                    "primary": {
                        "id": "2830432",
                        "attributes": {
                            "description": "Verify Tech Team",
                            "id": "2830432",
                            "members.#": "30",
                            "members.0": "idrop",
                            "members.1": "46bit",
                            "members.10": "kerrr",
                            "members.11": "zilnhoj",
                            "members.12": "Todai88",
                            "members.13": "robinmitra",
                            "members.14": "brenetic",
                            "members.15": "nacnudus",
                            "members.16": "CharlesIC",
                            "members.17": "jkunle",
                            "members.18": "sakisv",
                            "members.19": "stephengrier",
                            "members.2": "galund",
                            "members.20": "Rosa-Fox",
                            "members.21": "AnneCarr",
                            "members.22": "ida-build-bot",
                            "members.23": "chrisclayson",
                            "members.24": "smford",
                            "members.25": "blairboy362",
                            "members.26": "Wynndow",
                            "members.27": "andy-paine",
                            "members.28": "tomrosier",
                            "members.29": "bjgill",
                            "members.3": "issyl0",
                            "members.4": "mrwilson",
                            "members.5": "philandstuff",
                            "members.6": "chrisholmes",
                            "members.7": "thomasalanlee",
                            "members.8": "mmhmm",
                            "members.9": "tlwr",
                            "name": "verify-tech-team",
                            "permission": "pull",
                            "privacy": "closed",
                            "slug": "verify-tech-team"
                        },
                        "meta": {},
                        "tainted": false
                    },
                    "deposed": [],
                    "provider": "provider.github"
                },
                "github_team_membership.team_membership.0": {
                    "type": "github_team_membership",
                    "depends_on": [],
                    "primary": {
                        "id": "2826122:CharlesIC",
                        "attributes": {
                            "etag": "W/\"e4404f264b2561d73a7e372b723ae8a7\"",
                            "id": "2826122:CharlesIC",
                            "role": "maintainer",
                            "team_id": "2826122",
                            "username": "CharlesIC"
                        },
                        "meta": {},
                        "tainted": false
                    },
                    "deposed": [],
                    "provider": "provider.github"
                },
                "github_team_membership.team_membership.1": {
                    "type": "github_team_membership",
                    "depends_on": [],
                    "primary": {
                        "id": "2826126:CharlesIC",
                        "attributes": {
                            "etag": "W/\"8e3f2e5b822f6f0fd3090c84cc8aad53\"",
                            "id": "2826126:CharlesIC",
                            "role": "maintainer",
                            "team_id": "2826126",
                            "username": "CharlesIC"
                        },
                        "meta": {},
                        "tainted": false
                    },
                    "deposed": [],
                    "provider": "provider.github"
                },
                "github_team_membership.tech_team_approver": {
                    "type": "github_team_membership",
                    "depends_on": [
                        "data.github_team.approvers_team"
                    ],
                    "primary": {
                        "id": "3101758:CharlesIC",
                        "attributes": {
                            "etag": "W/\"b59629ce28e722a6f476a653922df55a\"",
                            "id": "3101758:CharlesIC",
                            "role": "member",
                            "team_id": "3101758",
                            "username": "CharlesIC"
                        },
                        "meta": {},
                        "tainted": false
                    },
                    "deposed": [],
                    "provider": "provider.github"
                },
                "github_team_membership.tech_team_maintainer": {
                    "type": "github_team_membership",
                    "depends_on": [
                        "data.github_team.tech_team"
                    ],
                    "primary": {
                        "id": "2830432:CharlesIC",
                        "attributes": {
                            "etag": "W/\"445fb34444fc207d2eaf7ec7d0aa4cdf\"",
                            "id": "2830432:CharlesIC",
                            "role": "maintainer",
                            "team_id": "2830432",
                            "username": "CharlesIC"
                        },
                        "meta": {},
                        "tainted": false
                    },
                    "deposed": [],
                    "provider": "provider.github"
                }
            },
            "depends_on": []
        },
        {
            "path": [
                "root",
                "user_chris_wynne"
            ],
            "outputs": {},
            "resources": {
                "data.github_team.approvers_team": {
                    "type": "github_team",
                    "depends_on": [],
                    "primary": {
                        "id": "3101758",
                        "attributes": {
                            "description": "Verify tech team: verify-tech-team-approvers",
                            "id": "3101758",
                            "members.#": "30",
                            "members.0": "idrop",
                            "members.1": "46bit",
                            "members.10": "kerrr",
                            "members.11": "robinmitra",
                            "members.12": "brenetic",
                            "members.13": "CharlesIC",
                            "members.14": "sakisv",
                            "members.15": "Rosa-Fox",
                            "members.16": "chrisclayson",
                            "members.17": "smford",
                            "members.18": "blairboy362",
                            "members.19": "Wynndow",
                            "members.2": "galund",
                            "members.20": "andy-paine",
                            "members.21": "tomrosier",
                            "members.22": "bjgill",
                            "members.23": "bravegrape",
                            "members.24": "jstandring-gds",
                            "members.25": "mhussein-gds",
                            "members.26": "adityapahuja",
                            "members.27": "rhowe-gds",
                            "members.28": "AmritSidhu",
                            "members.29": "alan-gds",
                            "members.3": "issyl0",
                            "members.4": "mrwilson",
                            "members.5": "philandstuff",
                            "members.6": "chrisholmes",
                            "members.7": "thomasalanlee",
                            "members.8": "mmhmm",
                            "members.9": "tlwr",
                            "name": "verify-tech-team-approvers",
                            "permission": "pull",
                            "privacy": "closed",
                            "slug": "verify-tech-team-approvers"
                        },
                        "meta": {},
                        "tainted": false
                    },
                    "deposed": [],
                    "provider": "provider.github"
                },
                "data.github_team.tech_team": {
                    "type": "github_team",
                    "depends_on": [],
                    "primary": {
                        "id": "2830432",
                        "attributes": {
                            "description": "Verify Tech Team",
                            "id": "2830432",
                            "members.#": "30",
                            "members.0": "idrop",
                            "members.1": "46bit",
                            "members.10": "kerrr",
                            "members.11": "zilnhoj",
                            "members.12": "Todai88",
                            "members.13": "robinmitra",
                            "members.14": "brenetic",
                            "members.15": "nacnudus",
                            "members.16": "CharlesIC",
                            "members.17": "jkunle",
                            "members.18": "sakisv",
                            "members.19": "stephengrier",
                            "members.2": "galund",
                            "members.20": "Rosa-Fox",
                            "members.21": "AnneCarr",
                            "members.22": "ida-build-bot",
                            "members.23": "chrisclayson",
                            "members.24": "smford",
                            "members.25": "blairboy362",
                            "members.26": "Wynndow",
                            "members.27": "andy-paine",
                            "members.28": "tomrosier",
                            "members.29": "bjgill",
                            "members.3": "issyl0",
                            "members.4": "mrwilson",
                            "members.5": "philandstuff",
                            "members.6": "chrisholmes",
                            "members.7": "thomasalanlee",
                            "members.8": "mmhmm",
                            "members.9": "tlwr",
                            "name": "verify-tech-team",
                            "permission": "pull",
                            "privacy": "closed",
                            "slug": "verify-tech-team"
                        },
                        "meta": {},
                        "tainted": false
                    },
                    "deposed": [],
                    "provider": "provider.github"
                },
                "github_team_membership.team_membership.0": {
                    "type": "github_team_membership",
                    "depends_on": [],
                    "primary": {
                        "id": "2826122:Wynndow",
                        "attributes": {
                            "etag": "W/\"1521c17acd05207441783b7713b07836\"",
                            "id": "2826122:Wynndow",
                            "role": "member",
                            "team_id": "2826122",
                            "username": "Wynndow"
                        },
                        "meta": {},
                        "tainted": false
                    },
                    "deposed": [],
                    "provider": "provider.github"
                },
                "github_team_membership.team_membership.1": {
                    "type": "github_team_membership",
                    "depends_on": [],
                    "primary": {
                        "id": "2826126:Wynndow",
                        "attributes": {
                            "etag": "W/\"96727c18fc7414942123a4a27b851aea\"",
                            "id": "2826126:Wynndow",
                            "role": "member",
                            "team_id": "2826126",
                            "username": "Wynndow"
                        },
                        "meta": {},
                        "tainted": false
                    },
                    "deposed": [],
                    "provider": "provider.github"
                },
                "github_team_membership.tech_team_approver": {
                    "type": "github_team_membership",
                    "depends_on": [
                        "data.github_team.approvers_team"
                    ],
                    "primary": {
                        "id": "3101758:Wynndow",
                        "attributes": {
                            "etag": "W/\"b7c5b65fc0e12ce778b585d312865c4e\"",
                            "id": "3101758:Wynndow",
                            "role": "member",
                            "team_id": "3101758",
                            "username": "Wynndow"
                        },
                        "meta": {},
                        "tainted": false
                    },
                    "deposed": [],
                    "provider": "provider.github"
                }
            },
            "depends_on": []
        },
        {
            "path": [
                "root",
                "user_chrisclayson"
            ],
            "outputs": {},
            "resources": {
                "data.github_team.approvers_team": {
                    "type": "github_team",
                    "depends_on": [],
                    "primary": {
                        "id": "3101758",
                        "attributes": {
                            "description": "Verify tech team: verify-tech-team-approvers",
                            "id": "3101758",
                            "members.#": "30",
                            "members.0": "idrop",
                            "members.1": "46bit",
                            "members.10": "kerrr",
                            "members.11": "robinmitra",
                            "members.12": "brenetic",
                            "members.13": "CharlesIC",
                            "members.14": "sakisv",
                            "members.15": "Rosa-Fox",
                            "members.16": "chrisclayson",
                            "members.17": "smford",
                            "members.18": "blairboy362",
                            "members.19": "Wynndow",
                            "members.2": "galund",
                            "members.20": "andy-paine",
                            "members.21": "tomrosier",
                            "members.22": "bjgill",
                            "members.23": "bravegrape",
                            "members.24": "jstandring-gds",
                            "members.25": "mhussein-gds",
                            "members.26": "adityapahuja",
                            "members.27": "rhowe-gds",
                            "members.28": "AmritSidhu",
                            "members.29": "alan-gds",
                            "members.3": "issyl0",
                            "members.4": "mrwilson",
                            "members.5": "philandstuff",
                            "members.6": "chrisholmes",
                            "members.7": "thomasalanlee",
                            "members.8": "mmhmm",
                            "members.9": "tlwr",
                            "name": "verify-tech-team-approvers",
                            "permission": "pull",
                            "privacy": "closed",
                            "slug": "verify-tech-team-approvers"
                        },
                        "meta": {},
                        "tainted": false
                    },
                    "deposed": [],
                    "provider": "provider.github"
                },
                "data.github_team.tech_team": {
                    "type": "github_team",
                    "depends_on": [],
                    "primary": {
                        "id": "2830432",
                        "attributes": {
                            "description": "Verify Tech Team",
                            "id": "2830432",
                            "members.#": "30",
                            "members.0": "idrop",
                            "members.1": "46bit",
                            "members.10": "kerrr",
                            "members.11": "zilnhoj",
                            "members.12": "Todai88",
                            "members.13": "robinmitra",
                            "members.14": "brenetic",
                            "members.15": "nacnudus",
                            "members.16": "CharlesIC",
                            "members.17": "jkunle",
                            "members.18": "sakisv",
                            "members.19": "stephengrier",
                            "members.2": "galund",
                            "members.20": "Rosa-Fox",
                            "members.21": "AnneCarr",
                            "members.22": "ida-build-bot",
                            "members.23": "chrisclayson",
                            "members.24": "smford",
                            "members.25": "blairboy362",
                            "members.26": "Wynndow",
                            "members.27": "andy-paine",
                            "members.28": "tomrosier",
                            "members.29": "bjgill",
                            "members.3": "issyl0",
                            "members.4": "mrwilson",
                            "members.5": "philandstuff",
                            "members.6": "chrisholmes",
                            "members.7": "thomasalanlee",
                            "members.8": "mmhmm",
                            "members.9": "tlwr",
                            "name": "verify-tech-team",
                            "permission": "pull",
                            "privacy": "closed",
                            "slug": "verify-tech-team"
                        },
                        "meta": {},
                        "tainted": false
                    },
                    "deposed": [],
                    "provider": "provider.github"
                },
                "github_team_membership.team_membership": {
                    "type": "github_team_membership",
                    "depends_on": [],
                    "primary": {
                        "id": "2826122:chrisclayson",
                        "attributes": {
                            "etag": "W/\"2e2290551d6d3708f355e8a99c464f0d\"",
                            "id": "2826122:chrisclayson",
                            "role": "member",
                            "team_id": "2826122",
                            "username": "chrisclayson"
                        },
                        "meta": {},
                        "tainted": false
                    },
                    "deposed": [],
                    "provider": "provider.github"
                },
                "github_team_membership.tech_team_approver": {
                    "type": "github_team_membership",
                    "depends_on": [
                        "data.github_team.approvers_team"
                    ],
                    "primary": {
                        "id": "3101758:chrisclayson",
                        "attributes": {
                            "etag": "W/\"9291f65183cbfaa630b0de78bcc0ab10\"",
                            "id": "3101758:chrisclayson",
                            "role": "member",
                            "team_id": "3101758",
                            "username": "chrisclayson"
                        },
                        "meta": {},
                        "tainted": false
                    },
                    "deposed": [],
                    "provider": "provider.github"
                }
            },
            "depends_on": []
        },
        {
            "path": [
                "root",
                "user_chrisholmes"
            ],
            "outputs": {},
            "resources": {
                "data.github_team.approvers_team": {
                    "type": "github_team",
                    "depends_on": [],
                    "primary": {
                        "id": "3101758",
                        "attributes": {
                            "description": "Verify tech team: verify-tech-team-approvers",
                            "id": "3101758",
                            "members.#": "30",
                            "members.0": "idrop",
                            "members.1": "46bit",
                            "members.10": "kerrr",
                            "members.11": "robinmitra",
                            "members.12": "brenetic",
                            "members.13": "CharlesIC",
                            "members.14": "sakisv",
                            "members.15": "Rosa-Fox",
                            "members.16": "chrisclayson",
                            "members.17": "smford",
                            "members.18": "blairboy362",
                            "members.19": "Wynndow",
                            "members.2": "galund",
                            "members.20": "andy-paine",
                            "members.21": "tomrosier",
                            "members.22": "bjgill",
                            "members.23": "bravegrape",
                            "members.24": "jstandring-gds",
                            "members.25": "mhussein-gds",
                            "members.26": "adityapahuja",
                            "members.27": "rhowe-gds",
                            "members.28": "AmritSidhu",
                            "members.29": "alan-gds",
                            "members.3": "issyl0",
                            "members.4": "mrwilson",
                            "members.5": "philandstuff",
                            "members.6": "chrisholmes",
                            "members.7": "thomasalanlee",
                            "members.8": "mmhmm",
                            "members.9": "tlwr",
                            "name": "verify-tech-team-approvers",
                            "permission": "pull",
                            "privacy": "closed",
                            "slug": "verify-tech-team-approvers"
                        },
                        "meta": {},
                        "tainted": false
                    },
                    "deposed": [],
                    "provider": "provider.github"
                },
                "data.github_team.tech_team": {
                    "type": "github_team",
                    "depends_on": [],
                    "primary": {
                        "id": "2830432",
                        "attributes": {
                            "description": "Verify Tech Team",
                            "id": "2830432",
                            "members.#": "30",
                            "members.0": "idrop",
                            "members.1": "46bit",
                            "members.10": "kerrr",
                            "members.11": "zilnhoj",
                            "members.12": "Todai88",
                            "members.13": "robinmitra",
                            "members.14": "brenetic",
                            "members.15": "nacnudus",
                            "members.16": "CharlesIC",
                            "members.17": "jkunle",
                            "members.18": "sakisv",
                            "members.19": "stephengrier",
                            "members.2": "galund",
                            "members.20": "Rosa-Fox",
                            "members.21": "AnneCarr",
                            "members.22": "ida-build-bot",
                            "members.23": "chrisclayson",
                            "members.24": "smford",
                            "members.25": "blairboy362",
                            "members.26": "Wynndow",
                            "members.27": "andy-paine",
                            "members.28": "tomrosier",
                            "members.29": "bjgill",
                            "members.3": "issyl0",
                            "members.4": "mrwilson",
                            "members.5": "philandstuff",
                            "members.6": "chrisholmes",
                            "members.7": "thomasalanlee",
                            "members.8": "mmhmm",
                            "members.9": "tlwr",
                            "name": "verify-tech-team",
                            "permission": "pull",
                            "privacy": "closed",
                            "slug": "verify-tech-team"
                        },
                        "meta": {},
                        "tainted": false
                    },
                    "deposed": [],
                    "provider": "provider.github"
                },
                "github_team_membership.team_membership.0": {
                    "type": "github_team_membership",
                    "depends_on": [],
                    "primary": {
                        "id": "2826122:chrisholmes",
                        "attributes": {
                            "etag": "W/\"74bd0641a003471bf7a00b85a78cd45c\"",
                            "id": "2826122:chrisholmes",
                            "role": "maintainer",
                            "team_id": "2826122",
                            "username": "chrisholmes"
                        },
                        "meta": {},
                        "tainted": false
                    },
                    "deposed": [],
                    "provider": "provider.github"
                },
                "github_team_membership.team_membership.1": {
                    "type": "github_team_membership",
                    "depends_on": [],
                    "primary": {
                        "id": "2826126:chrisholmes",
                        "attributes": {
                            "etag": "W/\"8975fb1579a719898b8044d697d1d411\"",
                            "id": "2826126:chrisholmes",
                            "role": "maintainer",
                            "team_id": "2826126",
                            "username": "chrisholmes"
                        },
                        "meta": {},
                        "tainted": false
                    },
                    "deposed": [],
                    "provider": "provider.github"
                },
                "github_team_membership.team_membership.2": {
                    "type": "github_team_membership",
                    "depends_on": [],
                    "primary": {
                        "id": "2826127:chrisholmes",
                        "attributes": {
                            "etag": "W/\"8a81312b1a36559e73c18409022aedad\"",
                            "id": "2826127:chrisholmes",
                            "role": "maintainer",
                            "team_id": "2826127",
                            "username": "chrisholmes"
                        },
                        "meta": {},
                        "tainted": false
                    },
                    "deposed": [],
                    "provider": "provider.github"
                },
                "github_team_membership.tech_team_approver": {
                    "type": "github_team_membership",
                    "depends_on": [
                        "data.github_team.approvers_team"
                    ],
                    "primary": {
                        "id": "3101758:chrisholmes",
                        "attributes": {
                            "etag": "W/\"25c38686c3228aa66c5108747cae5e54\"",
                            "id": "3101758:chrisholmes",
                            "role": "member",
                            "team_id": "3101758",
                            "username": "chrisholmes"
                        },
                        "meta": {},
                        "tainted": false
                    },
                    "deposed": [],
                    "provider": "provider.github"
                },
                "github_team_membership.tech_team_maintainer": {
                    "type": "github_team_membership",
                    "depends_on": [
                        "data.github_team.tech_team"
                    ],
                    "primary": {
                        "id": "2830432:chrisholmes",
                        "attributes": {
                            "etag": "W/\"4663e6617582b8afe4b90a5bf2b28cc8\"",
                            "id": "2830432:chrisholmes",
                            "role": "maintainer",
                            "team_id": "2830432",
                            "username": "chrisholmes"
                        },
                        "meta": {},
                        "tainted": false
                    },
                    "deposed": [],
                    "provider": "provider.github"
                }
            },
            "depends_on": []
        },
        {
            "path": [
                "root",
                "user_coleni"
            ],
            "outputs": {},
            "resources": {
                "data.github_team.approvers_team": {
                    "type": "github_team",
                    "depends_on": [],
                    "primary": {
                        "id": "3101758",
                        "attributes": {
                            "description": "Verify tech team: verify-tech-team-approvers",
                            "id": "3101758",
                            "members.#": "30",
                            "members.0": "idrop",
                            "members.1": "46bit",
                            "members.10": "kerrr",
                            "members.11": "robinmitra",
                            "members.12": "brenetic",
                            "members.13": "CharlesIC",
                            "members.14": "sakisv",
                            "members.15": "Rosa-Fox",
                            "members.16": "chrisclayson",
                            "members.17": "smford",
                            "members.18": "blairboy362",
                            "members.19": "Wynndow",
                            "members.2": "galund",
                            "members.20": "andy-paine",
                            "members.21": "tomrosier",
                            "members.22": "bjgill",
                            "members.23": "bravegrape",
                            "members.24": "jstandring-gds",
                            "members.25": "mhussein-gds",
                            "members.26": "adityapahuja",
                            "members.27": "rhowe-gds",
                            "members.28": "AmritSidhu",
                            "members.29": "alan-gds",
                            "members.3": "issyl0",
                            "members.4": "mrwilson",
                            "members.5": "philandstuff",
                            "members.6": "chrisholmes",
                            "members.7": "thomasalanlee",
                            "members.8": "mmhmm",
                            "members.9": "tlwr",
                            "name": "verify-tech-team-approvers",
                            "permission": "pull",
                            "privacy": "closed",
                            "slug": "verify-tech-team-approvers"
                        },
                        "meta": {},
                        "tainted": false
                    },
                    "deposed": [],
                    "provider": "provider.github"
                },
                "data.github_team.tech_team": {
                    "type": "github_team",
                    "depends_on": [],
                    "primary": {
                        "id": "2830432",
                        "attributes": {
                            "description": "Verify Tech Team",
                            "id": "2830432",
                            "members.#": "30",
                            "members.0": "idrop",
                            "members.1": "46bit",
                            "members.10": "kerrr",
                            "members.11": "zilnhoj",
                            "members.12": "Todai88",
                            "members.13": "robinmitra",
                            "members.14": "brenetic",
                            "members.15": "nacnudus",
                            "members.16": "CharlesIC",
                            "members.17": "jkunle",
                            "members.18": "sakisv",
                            "members.19": "stephengrier",
                            "members.2": "galund",
                            "members.20": "Rosa-Fox",
                            "members.21": "AnneCarr",
                            "members.22": "ida-build-bot",
                            "members.23": "chrisclayson",
                            "members.24": "smford",
                            "members.25": "blairboy362",
                            "members.26": "Wynndow",
                            "members.27": "andy-paine",
                            "members.28": "tomrosier",
                            "members.29": "bjgill",
                            "members.3": "issyl0",
                            "members.4": "mrwilson",
                            "members.5": "philandstuff",
                            "members.6": "chrisholmes",
                            "members.7": "thomasalanlee",
                            "members.8": "mmhmm",
                            "members.9": "tlwr",
                            "name": "verify-tech-team",
                            "permission": "pull",
                            "privacy": "closed",
                            "slug": "verify-tech-team"
                        },
                        "meta": {},
                        "tainted": false
                    },
                    "deposed": [],
                    "provider": "provider.github"
                },
                "github_team_membership.team_membership": {
                    "type": "github_team_membership",
                    "depends_on": [],
                    "primary": {
                        "id": "2826122:coleni",
                        "attributes": {
                            "etag": "W/\"eb38bca55f98557d6e5f89028610960a\"",
                            "id": "2826122:coleni",
                            "role": "member",
                            "team_id": "2826122",
                            "username": "coleni"
                        },
                        "meta": {},
                        "tainted": false
                    },
                    "deposed": [],
                    "provider": "provider.github"
                }
            },
            "depends_on": []
        },
        {
            "path": [
                "root",
                "user_danielblair"
            ],
            "outputs": {},
            "resources": {
                "data.github_team.approvers_team": {
                    "type": "github_team",
                    "depends_on": [],
                    "primary": {
                        "id": "3101758",
                        "attributes": {
                            "description": "Verify tech team: verify-tech-team-approvers",
                            "id": "3101758",
                            "members.#": "30",
                            "members.0": "idrop",
                            "members.1": "46bit",
                            "members.10": "kerrr",
                            "members.11": "robinmitra",
                            "members.12": "brenetic",
                            "members.13": "CharlesIC",
                            "members.14": "sakisv",
                            "members.15": "Rosa-Fox",
                            "members.16": "chrisclayson",
                            "members.17": "smford",
                            "members.18": "blairboy362",
                            "members.19": "Wynndow",
                            "members.2": "galund",
                            "members.20": "andy-paine",
                            "members.21": "tomrosier",
                            "members.22": "bjgill",
                            "members.23": "bravegrape",
                            "members.24": "jstandring-gds",
                            "members.25": "mhussein-gds",
                            "members.26": "adityapahuja",
                            "members.27": "rhowe-gds",
                            "members.28": "AmritSidhu",
                            "members.29": "alan-gds",
                            "members.3": "issyl0",
                            "members.4": "mrwilson",
                            "members.5": "philandstuff",
                            "members.6": "chrisholmes",
                            "members.7": "thomasalanlee",
                            "members.8": "mmhmm",
                            "members.9": "tlwr",
                            "name": "verify-tech-team-approvers",
                            "permission": "pull",
                            "privacy": "closed",
                            "slug": "verify-tech-team-approvers"
                        },
                        "meta": {},
                        "tainted": false
                    },
                    "deposed": [],
                    "provider": "provider.github"
                },
                "data.github_team.tech_team": {
                    "type": "github_team",
                    "depends_on": [],
                    "primary": {
                        "id": "2830432",
                        "attributes": {
                            "description": "Verify Tech Team",
                            "id": "2830432",
                            "members.#": "30",
                            "members.0": "idrop",
                            "members.1": "46bit",
                            "members.10": "kerrr",
                            "members.11": "zilnhoj",
                            "members.12": "Todai88",
                            "members.13": "robinmitra",
                            "members.14": "brenetic",
                            "members.15": "nacnudus",
                            "members.16": "CharlesIC",
                            "members.17": "jkunle",
                            "members.18": "sakisv",
                            "members.19": "stephengrier",
                            "members.2": "galund",
                            "members.20": "Rosa-Fox",
                            "members.21": "AnneCarr",
                            "members.22": "ida-build-bot",
                            "members.23": "chrisclayson",
                            "members.24": "smford",
                            "members.25": "blairboy362",
                            "members.26": "Wynndow",
                            "members.27": "andy-paine",
                            "members.28": "tomrosier",
                            "members.29": "bjgill",
                            "members.3": "issyl0",
                            "members.4": "mrwilson",
                            "members.5": "philandstuff",
                            "members.6": "chrisholmes",
                            "members.7": "thomasalanlee",
                            "members.8": "mmhmm",
                            "members.9": "tlwr",
                            "name": "verify-tech-team",
                            "permission": "pull",
                            "privacy": "closed",
                            "slug": "verify-tech-team"
                        },
                        "meta": {},
                        "tainted": false
                    },
                    "deposed": [],
                    "provider": "provider.github"
                },
                "github_team_membership.team_membership.0": {
                    "type": "github_team_membership",
                    "depends_on": [],
                    "primary": {
                        "id": "2826122:blairboy362",
                        "attributes": {
                            "etag": "W/\"cc3e6035eaed91f93e567c6d9373e7c9\"",
                            "id": "2826122:blairboy362",
                            "role": "member",
                            "team_id": "2826122",
                            "username": "blairboy362"
                        },
                        "meta": {},
                        "tainted": false
                    },
                    "deposed": [],
                    "provider": "provider.github"
                },
                "github_team_membership.team_membership.1": {
                    "type": "github_team_membership",
                    "depends_on": [],
                    "primary": {
                        "id": "2826126:blairboy362",
                        "attributes": {
                            "etag": "W/\"af01c322e3a45e9460fb1deaffbe385f\"",
                            "id": "2826126:blairboy362",
                            "role": "member",
                            "team_id": "2826126",
                            "username": "blairboy362"
                        },
                        "meta": {},
                        "tainted": false
                    },
                    "deposed": [],
                    "provider": "provider.github"
                },
                "github_team_membership.tech_team_approver": {
                    "type": "github_team_membership",
                    "depends_on": [
                        "data.github_team.approvers_team"
                    ],
                    "primary": {
                        "id": "3101758:blairboy362",
                        "attributes": {
                            "etag": "W/\"1cc41edcaec735e8e8338dd69992ccad\"",
                            "id": "3101758:blairboy362",
                            "role": "member",
                            "team_id": "3101758",
                            "username": "blairboy362"
                        },
                        "meta": {},
                        "tainted": false
                    },
                    "deposed": [],
                    "provider": "provider.github"
                }
            },
            "depends_on": []
        },
        {
            "path": [
                "root",
                "user_dbes_gds"
            ],
            "outputs": {},
            "resources": {
                "data.github_team.approvers_team": {
                    "type": "github_team",
                    "depends_on": [],
                    "primary": {
                        "id": "3101758",
                        "attributes": {
                            "description": "Verify tech team: verify-tech-team-approvers",
                            "id": "3101758",
                            "members.#": "30",
                            "members.0": "idrop",
                            "members.1": "46bit",
                            "members.10": "kerrr",
                            "members.11": "robinmitra",
                            "members.12": "brenetic",
                            "members.13": "CharlesIC",
                            "members.14": "sakisv",
                            "members.15": "Rosa-Fox",
                            "members.16": "chrisclayson",
                            "members.17": "smford",
                            "members.18": "blairboy362",
                            "members.19": "Wynndow",
                            "members.2": "galund",
                            "members.20": "andy-paine",
                            "members.21": "tomrosier",
                            "members.22": "bjgill",
                            "members.23": "bravegrape",
                            "members.24": "jstandring-gds",
                            "members.25": "mhussein-gds",
                            "members.26": "adityapahuja",
                            "members.27": "rhowe-gds",
                            "members.28": "AmritSidhu",
                            "members.29": "alan-gds",
                            "members.3": "issyl0",
                            "members.4": "mrwilson",
                            "members.5": "philandstuff",
                            "members.6": "chrisholmes",
                            "members.7": "thomasalanlee",
                            "members.8": "mmhmm",
                            "members.9": "tlwr",
                            "name": "verify-tech-team-approvers",
                            "permission": "pull",
                            "privacy": "closed",
                            "slug": "verify-tech-team-approvers"
                        },
                        "meta": {},
                        "tainted": false
                    },
                    "deposed": [],
                    "provider": "provider.github"
                },
                "data.github_team.tech_team": {
                    "type": "github_team",
                    "depends_on": [],
                    "primary": {
                        "id": "2830432",
                        "attributes": {
                            "description": "Verify Tech Team",
                            "id": "2830432",
                            "members.#": "30",
                            "members.0": "idrop",
                            "members.1": "46bit",
                            "members.10": "kerrr",
                            "members.11": "zilnhoj",
                            "members.12": "Todai88",
                            "members.13": "robinmitra",
                            "members.14": "brenetic",
                            "members.15": "nacnudus",
                            "members.16": "CharlesIC",
                            "members.17": "jkunle",
                            "members.18": "sakisv",
                            "members.19": "stephengrier",
                            "members.2": "galund",
                            "members.20": "Rosa-Fox",
                            "members.21": "AnneCarr",
                            "members.22": "ida-build-bot",
                            "members.23": "chrisclayson",
                            "members.24": "smford",
                            "members.25": "blairboy362",
                            "members.26": "Wynndow",
                            "members.27": "andy-paine",
                            "members.28": "tomrosier",
                            "members.29": "bjgill",
                            "members.3": "issyl0",
                            "members.4": "mrwilson",
                            "members.5": "philandstuff",
                            "members.6": "chrisholmes",
                            "members.7": "thomasalanlee",
                            "members.8": "mmhmm",
                            "members.9": "tlwr",
                            "name": "verify-tech-team",
                            "permission": "pull",
                            "privacy": "closed",
                            "slug": "verify-tech-team"
                        },
                        "meta": {},
                        "tainted": false
                    },
                    "deposed": [],
                    "provider": "provider.github"
                },
                "github_team_membership.team_membership.0": {
                    "type": "github_team_membership",
                    "depends_on": [],
                    "primary": {
                        "id": "2826122:dbes-gds",
                        "attributes": {
                            "etag": "W/\"6cb06dd5cac9bbdd7d6ff32aa45a1f01\"",
                            "id": "2826122:dbes-gds",
                            "role": "member",
                            "team_id": "2826122",
                            "username": "dbes-gds"
                        },
                        "meta": {},
                        "tainted": false
                    },
                    "deposed": [],
                    "provider": "provider.github"
                },
                "github_team_membership.team_membership.1": {
                    "type": "github_team_membership",
                    "depends_on": [],
                    "primary": {
                        "id": "2826126:dbes-gds",
                        "attributes": {
                            "etag": "W/\"ddc5bf526b3f6d4ebf4bbc31e59d874a\"",
                            "id": "2826126:dbes-gds",
                            "role": "member",
                            "team_id": "2826126",
                            "username": "dbes-gds"
                        },
                        "meta": {},
                        "tainted": false
                    },
                    "deposed": [],
                    "provider": "provider.github"
                },
                "github_team_membership.tech_team_approver": {
                    "type": "github_team_membership",
                    "depends_on": [
                        "data.github_team.approvers_team"
                    ],
                    "primary": {
                        "id": "3101758:dbes-gds",
                        "attributes": {
                            "etag": "W/\"d910f953aaee50022fcedc30ad02e0ef\"",
                            "id": "3101758:dbes-gds",
                            "role": "member",
                            "team_id": "3101758",
                            "username": "dbes-gds"
                        },
                        "meta": {},
                        "tainted": false
                    },
                    "deposed": [],
                    "provider": "provider.github"
                }
            },
            "depends_on": []
        },
        {
            "path": [
                "root",
                "user_galund"
            ],
            "outputs": {},
            "resources": {
                "data.github_team.approvers_team": {
                    "type": "github_team",
                    "depends_on": [],
                    "primary": {
                        "id": "3101758",
                        "attributes": {
                            "description": "Verify tech team: verify-tech-team-approvers",
                            "id": "3101758",
                            "members.#": "30",
                            "members.0": "idrop",
                            "members.1": "46bit",
                            "members.10": "kerrr",
                            "members.11": "robinmitra",
                            "members.12": "brenetic",
                            "members.13": "CharlesIC",
                            "members.14": "sakisv",
                            "members.15": "Rosa-Fox",
                            "members.16": "chrisclayson",
                            "members.17": "smford",
                            "members.18": "blairboy362",
                            "members.19": "Wynndow",
                            "members.2": "galund",
                            "members.20": "andy-paine",
                            "members.21": "tomrosier",
                            "members.22": "bjgill",
                            "members.23": "bravegrape",
                            "members.24": "jstandring-gds",
                            "members.25": "mhussein-gds",
                            "members.26": "adityapahuja",
                            "members.27": "rhowe-gds",
                            "members.28": "AmritSidhu",
                            "members.29": "alan-gds",
                            "members.3": "issyl0",
                            "members.4": "mrwilson",
                            "members.5": "philandstuff",
                            "members.6": "chrisholmes",
                            "members.7": "thomasalanlee",
                            "members.8": "mmhmm",
                            "members.9": "tlwr",
                            "name": "verify-tech-team-approvers",
                            "permission": "pull",
                            "privacy": "closed",
                            "slug": "verify-tech-team-approvers"
                        },
                        "meta": {},
                        "tainted": false
                    },
                    "deposed": [],
                    "provider": "provider.github"
                },
                "data.github_team.tech_team": {
                    "type": "github_team",
                    "depends_on": [],
                    "primary": {
                        "id": "2830432",
                        "attributes": {
                            "description": "Verify Tech Team",
                            "id": "2830432",
                            "members.#": "30",
                            "members.0": "idrop",
                            "members.1": "46bit",
                            "members.10": "kerrr",
                            "members.11": "zilnhoj",
                            "members.12": "Todai88",
                            "members.13": "robinmitra",
                            "members.14": "brenetic",
                            "members.15": "nacnudus",
                            "members.16": "CharlesIC",
                            "members.17": "jkunle",
                            "members.18": "sakisv",
                            "members.19": "stephengrier",
                            "members.2": "galund",
                            "members.20": "Rosa-Fox",
                            "members.21": "AnneCarr",
                            "members.22": "ida-build-bot",
                            "members.23": "chrisclayson",
                            "members.24": "smford",
                            "members.25": "blairboy362",
                            "members.26": "Wynndow",
                            "members.27": "andy-paine",
                            "members.28": "tomrosier",
                            "members.29": "bjgill",
                            "members.3": "issyl0",
                            "members.4": "mrwilson",
                            "members.5": "philandstuff",
                            "members.6": "chrisholmes",
                            "members.7": "thomasalanlee",
                            "members.8": "mmhmm",
                            "members.9": "tlwr",
                            "name": "verify-tech-team",
                            "permission": "pull",
                            "privacy": "closed",
                            "slug": "verify-tech-team"
                        },
                        "meta": {},
                        "tainted": false
                    },
                    "deposed": [],
                    "provider": "provider.github"
                },
                "github_team_membership.team_membership": {
                    "type": "github_team_membership",
                    "depends_on": [],
                    "primary": {
                        "id": "2826122:galund",
                        "attributes": {
                            "etag": "W/\"0d178523017e17e598633ca7c2d496b3\"",
                            "id": "2826122:galund",
                            "role": "member",
                            "team_id": "2826122",
                            "username": "galund"
                        },
                        "meta": {},
                        "tainted": false
                    },
                    "deposed": [],
                    "provider": "provider.github"
                },
                "github_team_membership.tech_team_approver": {
                    "type": "github_team_membership",
                    "depends_on": [
                        "data.github_team.approvers_team"
                    ],
                    "primary": {
                        "id": "3101758:galund",
                        "attributes": {
                            "etag": "W/\"cfa993d8643644d6bfee6549874ff054\"",
                            "id": "3101758:galund",
                            "role": "member",
                            "team_id": "3101758",
                            "username": "galund"
                        },
                        "meta": {},
                        "tainted": false
                    },
                    "deposed": [],
                    "provider": "provider.github"
                }
            },
            "depends_on": []
        },
        {
            "path": [
                "root",
                "user_gdsnewt"
            ],
            "outputs": {},
            "resources": {
                "data.github_team.approvers_team": {
                    "type": "github_team",
                    "depends_on": [],
                    "primary": {
                        "id": "3101758",
                        "attributes": {
                            "description": "Verify tech team: verify-tech-team-approvers",
                            "id": "3101758",
                            "members.#": "30",
                            "members.0": "idrop",
                            "members.1": "46bit",
                            "members.10": "kerrr",
                            "members.11": "robinmitra",
                            "members.12": "brenetic",
                            "members.13": "CharlesIC",
                            "members.14": "sakisv",
                            "members.15": "Rosa-Fox",
                            "members.16": "chrisclayson",
                            "members.17": "smford",
                            "members.18": "blairboy362",
                            "members.19": "Wynndow",
                            "members.2": "galund",
                            "members.20": "andy-paine",
                            "members.21": "tomrosier",
                            "members.22": "bjgill",
                            "members.23": "bravegrape",
                            "members.24": "jstandring-gds",
                            "members.25": "mhussein-gds",
                            "members.26": "adityapahuja",
                            "members.27": "rhowe-gds",
                            "members.28": "AmritSidhu",
                            "members.29": "alan-gds",
                            "members.3": "issyl0",
                            "members.4": "mrwilson",
                            "members.5": "philandstuff",
                            "members.6": "chrisholmes",
                            "members.7": "thomasalanlee",
                            "members.8": "mmhmm",
                            "members.9": "tlwr",
                            "name": "verify-tech-team-approvers",
                            "permission": "pull",
                            "privacy": "closed",
                            "slug": "verify-tech-team-approvers"
                        },
                        "meta": {},
                        "tainted": false
                    },
                    "deposed": [],
                    "provider": "provider.github"
                },
                "data.github_team.tech_team": {
                    "type": "github_team",
                    "depends_on": [],
                    "primary": {
                        "id": "2830432",
                        "attributes": {
                            "description": "Verify Tech Team",
                            "id": "2830432",
                            "members.#": "30",
                            "members.0": "idrop",
                            "members.1": "46bit",
                            "members.10": "kerrr",
                            "members.11": "zilnhoj",
                            "members.12": "Todai88",
                            "members.13": "robinmitra",
                            "members.14": "brenetic",
                            "members.15": "nacnudus",
                            "members.16": "CharlesIC",
                            "members.17": "jkunle",
                            "members.18": "sakisv",
                            "members.19": "stephengrier",
                            "members.2": "galund",
                            "members.20": "Rosa-Fox",
                            "members.21": "AnneCarr",
                            "members.22": "ida-build-bot",
                            "members.23": "chrisclayson",
                            "members.24": "smford",
                            "members.25": "blairboy362",
                            "members.26": "Wynndow",
                            "members.27": "andy-paine",
                            "members.28": "tomrosier",
                            "members.29": "bjgill",
                            "members.3": "issyl0",
                            "members.4": "mrwilson",
                            "members.5": "philandstuff",
                            "members.6": "chrisholmes",
                            "members.7": "thomasalanlee",
                            "members.8": "mmhmm",
                            "members.9": "tlwr",
                            "name": "verify-tech-team",
                            "permission": "pull",
                            "privacy": "closed",
                            "slug": "verify-tech-team"
                        },
                        "meta": {},
                        "tainted": false
                    },
                    "deposed": [],
                    "provider": "provider.github"
                },
                "github_team_membership.team_membership": {
                    "type": "github_team_membership",
                    "depends_on": [],
                    "primary": {
                        "id": "2826122:GDSNewt",
                        "attributes": {
                            "etag": "W/\"03a8eabaa367e55ad5afd9b62e149478\"",
                            "id": "2826122:GDSNewt",
                            "role": "member",
                            "team_id": "2826122",
                            "username": "GDSNewt"
                        },
                        "meta": {},
                        "tainted": false
                    },
                    "deposed": [],
                    "provider": "provider.github"
                }
            },
            "depends_on": []
        },
        {
            "path": [
                "root",
                "user_ida_build_bot"
            ],
            "outputs": {},
            "resources": {
                "data.github_team.approvers_team": {
                    "type": "github_team",
                    "depends_on": [],
                    "primary": {
                        "id": "3101758",
                        "attributes": {
                            "description": "Verify tech team: verify-tech-team-approvers",
                            "id": "3101758",
                            "members.#": "30",
                            "members.0": "idrop",
                            "members.1": "46bit",
                            "members.10": "kerrr",
                            "members.11": "robinmitra",
                            "members.12": "brenetic",
                            "members.13": "CharlesIC",
                            "members.14": "sakisv",
                            "members.15": "Rosa-Fox",
                            "members.16": "chrisclayson",
                            "members.17": "smford",
                            "members.18": "blairboy362",
                            "members.19": "Wynndow",
                            "members.2": "galund",
                            "members.20": "andy-paine",
                            "members.21": "tomrosier",
                            "members.22": "bjgill",
                            "members.23": "bravegrape",
                            "members.24": "jstandring-gds",
                            "members.25": "mhussein-gds",
                            "members.26": "adityapahuja",
                            "members.27": "rhowe-gds",
                            "members.28": "AmritSidhu",
                            "members.29": "alan-gds",
                            "members.3": "issyl0",
                            "members.4": "mrwilson",
                            "members.5": "philandstuff",
                            "members.6": "chrisholmes",
                            "members.7": "thomasalanlee",
                            "members.8": "mmhmm",
                            "members.9": "tlwr",
                            "name": "verify-tech-team-approvers",
                            "permission": "pull",
                            "privacy": "closed",
                            "slug": "verify-tech-team-approvers"
                        },
                        "meta": {},
                        "tainted": false
                    },
                    "deposed": [],
                    "provider": "provider.github"
                },
                "data.github_team.tech_team": {
                    "type": "github_team",
                    "depends_on": [],
                    "primary": {
                        "id": "2830432",
                        "attributes": {
                            "description": "Verify Tech Team",
                            "id": "2830432",
                            "members.#": "30",
                            "members.0": "idrop",
                            "members.1": "46bit",
                            "members.10": "kerrr",
                            "members.11": "zilnhoj",
                            "members.12": "Todai88",
                            "members.13": "robinmitra",
                            "members.14": "brenetic",
                            "members.15": "nacnudus",
                            "members.16": "CharlesIC",
                            "members.17": "jkunle",
                            "members.18": "sakisv",
                            "members.19": "stephengrier",
                            "members.2": "galund",
                            "members.20": "Rosa-Fox",
                            "members.21": "AnneCarr",
                            "members.22": "ida-build-bot",
                            "members.23": "chrisclayson",
                            "members.24": "smford",
                            "members.25": "blairboy362",
                            "members.26": "Wynndow",
                            "members.27": "andy-paine",
                            "members.28": "tomrosier",
                            "members.29": "bjgill",
                            "members.3": "issyl0",
                            "members.4": "mrwilson",
                            "members.5": "philandstuff",
                            "members.6": "chrisholmes",
                            "members.7": "thomasalanlee",
                            "members.8": "mmhmm",
                            "members.9": "tlwr",
                            "name": "verify-tech-team",
                            "permission": "pull",
                            "privacy": "closed",
                            "slug": "verify-tech-team"
                        },
                        "meta": {},
                        "tainted": false
                    },
                    "deposed": [],
                    "provider": "provider.github"
                },
                "github_team_membership.team_membership.0": {
                    "type": "github_team_membership",
                    "depends_on": [],
                    "primary": {
                        "id": "2826122:ida-build-bot",
                        "attributes": {
                            "etag": "W/\"1a5334aa0337d4d0d9202910c05b7d72\"",
                            "id": "2826122:ida-build-bot",
                            "role": "member",
                            "team_id": "2826122",
                            "username": "ida-build-bot"
                        },
                        "meta": {},
                        "tainted": false
                    },
                    "deposed": [],
                    "provider": "provider.github"
                },
                "github_team_membership.team_membership.1": {
                    "type": "github_team_membership",
                    "depends_on": [],
                    "primary": {
                        "id": "2826126:ida-build-bot",
                        "attributes": {
                            "etag": "W/\"ba6c3a8e111b32125c5e2cca551278ae\"",
                            "id": "2826126:ida-build-bot",
                            "role": "member",
                            "team_id": "2826126",
                            "username": "ida-build-bot"
                        },
                        "meta": {},
                        "tainted": false
                    },
                    "deposed": [],
                    "provider": "provider.github"
                }
            },
            "depends_on": []
        },
        {
            "path": [
                "root",
                "user_idacodacybot"
            ],
            "outputs": {},
            "resources": {
                "data.github_team.approvers_team": {
                    "type": "github_team",
                    "depends_on": [],
                    "primary": {
                        "id": "3101758",
                        "attributes": {
                            "description": "Verify tech team: verify-tech-team-approvers",
                            "id": "3101758",
                            "members.#": "30",
                            "members.0": "idrop",
                            "members.1": "46bit",
                            "members.10": "kerrr",
                            "members.11": "robinmitra",
                            "members.12": "brenetic",
                            "members.13": "CharlesIC",
                            "members.14": "sakisv",
                            "members.15": "Rosa-Fox",
                            "members.16": "chrisclayson",
                            "members.17": "smford",
                            "members.18": "blairboy362",
                            "members.19": "Wynndow",
                            "members.2": "galund",
                            "members.20": "andy-paine",
                            "members.21": "tomrosier",
                            "members.22": "bjgill",
                            "members.23": "bravegrape",
                            "members.24": "jstandring-gds",
                            "members.25": "mhussein-gds",
                            "members.26": "adityapahuja",
                            "members.27": "rhowe-gds",
                            "members.28": "AmritSidhu",
                            "members.29": "alan-gds",
                            "members.3": "issyl0",
                            "members.4": "mrwilson",
                            "members.5": "philandstuff",
                            "members.6": "chrisholmes",
                            "members.7": "thomasalanlee",
                            "members.8": "mmhmm",
                            "members.9": "tlwr",
                            "name": "verify-tech-team-approvers",
                            "permission": "pull",
                            "privacy": "closed",
                            "slug": "verify-tech-team-approvers"
                        },
                        "meta": {},
                        "tainted": false
                    },
                    "deposed": [],
                    "provider": "provider.github"
                },
                "data.github_team.tech_team": {
                    "type": "github_team",
                    "depends_on": [],
                    "primary": {
                        "id": "2830432",
                        "attributes": {
                            "description": "Verify Tech Team",
                            "id": "2830432",
                            "members.#": "30",
                            "members.0": "idrop",
                            "members.1": "46bit",
                            "members.10": "kerrr",
                            "members.11": "zilnhoj",
                            "members.12": "Todai88",
                            "members.13": "robinmitra",
                            "members.14": "brenetic",
                            "members.15": "nacnudus",
                            "members.16": "CharlesIC",
                            "members.17": "jkunle",
                            "members.18": "sakisv",
                            "members.19": "stephengrier",
                            "members.2": "galund",
                            "members.20": "Rosa-Fox",
                            "members.21": "AnneCarr",
                            "members.22": "ida-build-bot",
                            "members.23": "chrisclayson",
                            "members.24": "smford",
                            "members.25": "blairboy362",
                            "members.26": "Wynndow",
                            "members.27": "andy-paine",
                            "members.28": "tomrosier",
                            "members.29": "bjgill",
                            "members.3": "issyl0",
                            "members.4": "mrwilson",
                            "members.5": "philandstuff",
                            "members.6": "chrisholmes",
                            "members.7": "thomasalanlee",
                            "members.8": "mmhmm",
                            "members.9": "tlwr",
                            "name": "verify-tech-team",
                            "permission": "pull",
                            "privacy": "closed",
                            "slug": "verify-tech-team"
                        },
                        "meta": {},
                        "tainted": false
                    },
                    "deposed": [],
                    "provider": "provider.github"
                },
                "github_team_membership.team_membership.0": {
                    "type": "github_team_membership",
                    "depends_on": [],
                    "primary": {
                        "id": "2826122:ida-codacy-bot",
                        "attributes": {
                            "etag": "W/\"9caf122f5a5acf5a34d3a9642ebabf46\"",
                            "id": "2826122:ida-codacy-bot",
                            "role": "member",
                            "team_id": "2826122",
                            "username": "ida-codacy-bot"
                        },
                        "meta": {},
                        "tainted": false
                    },
                    "deposed": [],
                    "provider": "provider.github"
                },
                "github_team_membership.team_membership.1": {
                    "type": "github_team_membership",
                    "depends_on": [],
                    "primary": {
                        "id": "2826126:ida-codacy-bot",
                        "attributes": {
                            "etag": "W/\"70971159a6e44621c7b999d9e359ebc1\"",
                            "id": "2826126:ida-codacy-bot",
                            "role": "member",
                            "team_id": "2826126",
                            "username": "ida-codacy-bot"
                        },
                        "meta": {},
                        "tainted": false
                    },
                    "deposed": [],
                    "provider": "provider.github"
                }
            },
            "depends_on": []
        },
        {
            "path": [
                "root",
                "user_idrop"
            ],
            "outputs": {},
            "resources": {
                "data.github_team.approvers_team": {
                    "type": "github_team",
                    "depends_on": [],
                    "primary": {
                        "id": "3101758",
                        "attributes": {
                            "description": "Verify tech team: verify-tech-team-approvers",
                            "id": "3101758",
                            "members.#": "30",
                            "members.0": "idrop",
                            "members.1": "46bit",
                            "members.10": "kerrr",
                            "members.11": "robinmitra",
                            "members.12": "brenetic",
                            "members.13": "CharlesIC",
                            "members.14": "sakisv",
                            "members.15": "Rosa-Fox",
                            "members.16": "chrisclayson",
                            "members.17": "smford",
                            "members.18": "blairboy362",
                            "members.19": "Wynndow",
                            "members.2": "galund",
                            "members.20": "andy-paine",
                            "members.21": "tomrosier",
                            "members.22": "bjgill",
                            "members.23": "bravegrape",
                            "members.24": "jstandring-gds",
                            "members.25": "mhussein-gds",
                            "members.26": "adityapahuja",
                            "members.27": "rhowe-gds",
                            "members.28": "AmritSidhu",
                            "members.29": "alan-gds",
                            "members.3": "issyl0",
                            "members.4": "mrwilson",
                            "members.5": "philandstuff",
                            "members.6": "chrisholmes",
                            "members.7": "thomasalanlee",
                            "members.8": "mmhmm",
                            "members.9": "tlwr",
                            "name": "verify-tech-team-approvers",
                            "permission": "pull",
                            "privacy": "closed",
                            "slug": "verify-tech-team-approvers"
                        },
                        "meta": {},
                        "tainted": false
                    },
                    "deposed": [],
                    "provider": "provider.github"
                },
                "data.github_team.tech_team": {
                    "type": "github_team",
                    "depends_on": [],
                    "primary": {
                        "id": "2830432",
                        "attributes": {
                            "description": "Verify Tech Team",
                            "id": "2830432",
                            "members.#": "30",
                            "members.0": "idrop",
                            "members.1": "46bit",
                            "members.10": "kerrr",
                            "members.11": "zilnhoj",
                            "members.12": "Todai88",
                            "members.13": "robinmitra",
                            "members.14": "brenetic",
                            "members.15": "nacnudus",
                            "members.16": "CharlesIC",
                            "members.17": "jkunle",
                            "members.18": "sakisv",
                            "members.19": "stephengrier",
                            "members.2": "galund",
                            "members.20": "Rosa-Fox",
                            "members.21": "AnneCarr",
                            "members.22": "ida-build-bot",
                            "members.23": "chrisclayson",
                            "members.24": "smford",
                            "members.25": "blairboy362",
                            "members.26": "Wynndow",
                            "members.27": "andy-paine",
                            "members.28": "tomrosier",
                            "members.29": "bjgill",
                            "members.3": "issyl0",
                            "members.4": "mrwilson",
                            "members.5": "philandstuff",
                            "members.6": "chrisholmes",
                            "members.7": "thomasalanlee",
                            "members.8": "mmhmm",
                            "members.9": "tlwr",
                            "name": "verify-tech-team",
                            "permission": "pull",
                            "privacy": "closed",
                            "slug": "verify-tech-team"
                        },
                        "meta": {},
                        "tainted": false
                    },
                    "deposed": [],
                    "provider": "provider.github"
                },
                "github_team_membership.team_membership.0": {
                    "type": "github_team_membership",
                    "depends_on": [],
                    "primary": {
                        "id": "2826122:idrop",
                        "attributes": {
                            "etag": "W/\"1ebebdc7c5a1145df490c649ee107b02\"",
                            "id": "2826122:idrop",
                            "role": "member",
                            "team_id": "2826122",
                            "username": "idrop"
                        },
                        "meta": {},
                        "tainted": false
                    },
                    "deposed": [],
                    "provider": "provider.github"
                },
                "github_team_membership.team_membership.1": {
                    "type": "github_team_membership",
                    "depends_on": [],
                    "primary": {
                        "id": "2826126:idrop",
                        "attributes": {
                            "etag": "W/\"f7406b2e45f215e02252298b1709b07c\"",
                            "id": "2826126:idrop",
                            "role": "member",
                            "team_id": "2826126",
                            "username": "idrop"
                        },
                        "meta": {},
                        "tainted": false
                    },
                    "deposed": [],
                    "provider": "provider.github"
                },
                "github_team_membership.tech_team_approver": {
                    "type": "github_team_membership",
                    "depends_on": [
                        "data.github_team.approvers_team"
                    ],
                    "primary": {
                        "id": "3101758:idrop",
                        "attributes": {
                            "etag": "W/\"d0157a8a284dee44823b296c61671459\"",
                            "id": "3101758:idrop",
                            "role": "member",
                            "team_id": "3101758",
                            "username": "idrop"
                        },
                        "meta": {},
                        "tainted": false
                    },
                    "deposed": [],
                    "provider": "provider.github"
                }
            },
            "depends_on": []
        },
        {
            "path": [
                "root",
                "user_issyl0"
            ],
            "outputs": {},
            "resources": {
                "data.github_team.approvers_team": {
                    "type": "github_team",
                    "depends_on": [],
                    "primary": {
                        "id": "3101758",
                        "attributes": {
                            "description": "Verify tech team: verify-tech-team-approvers",
                            "id": "3101758",
                            "members.#": "30",
                            "members.0": "idrop",
                            "members.1": "46bit",
                            "members.10": "kerrr",
                            "members.11": "robinmitra",
                            "members.12": "brenetic",
                            "members.13": "CharlesIC",
                            "members.14": "sakisv",
                            "members.15": "Rosa-Fox",
                            "members.16": "chrisclayson",
                            "members.17": "smford",
                            "members.18": "blairboy362",
                            "members.19": "Wynndow",
                            "members.2": "galund",
                            "members.20": "andy-paine",
                            "members.21": "tomrosier",
                            "members.22": "bjgill",
                            "members.23": "bravegrape",
                            "members.24": "jstandring-gds",
                            "members.25": "mhussein-gds",
                            "members.26": "adityapahuja",
                            "members.27": "rhowe-gds",
                            "members.28": "AmritSidhu",
                            "members.29": "alan-gds",
                            "members.3": "issyl0",
                            "members.4": "mrwilson",
                            "members.5": "philandstuff",
                            "members.6": "chrisholmes",
                            "members.7": "thomasalanlee",
                            "members.8": "mmhmm",
                            "members.9": "tlwr",
                            "name": "verify-tech-team-approvers",
                            "permission": "pull",
                            "privacy": "closed",
                            "slug": "verify-tech-team-approvers"
                        },
                        "meta": {},
                        "tainted": false
                    },
                    "deposed": [],
                    "provider": "provider.github"
                },
                "data.github_team.tech_team": {
                    "type": "github_team",
                    "depends_on": [],
                    "primary": {
                        "id": "2830432",
                        "attributes": {
                            "description": "Verify Tech Team",
                            "id": "2830432",
                            "members.#": "30",
                            "members.0": "idrop",
                            "members.1": "46bit",
                            "members.10": "kerrr",
                            "members.11": "zilnhoj",
                            "members.12": "Todai88",
                            "members.13": "robinmitra",
                            "members.14": "brenetic",
                            "members.15": "nacnudus",
                            "members.16": "CharlesIC",
                            "members.17": "jkunle",
                            "members.18": "sakisv",
                            "members.19": "stephengrier",
                            "members.2": "galund",
                            "members.20": "Rosa-Fox",
                            "members.21": "AnneCarr",
                            "members.22": "ida-build-bot",
                            "members.23": "chrisclayson",
                            "members.24": "smford",
                            "members.25": "blairboy362",
                            "members.26": "Wynndow",
                            "members.27": "andy-paine",
                            "members.28": "tomrosier",
                            "members.29": "bjgill",
                            "members.3": "issyl0",
                            "members.4": "mrwilson",
                            "members.5": "philandstuff",
                            "members.6": "chrisholmes",
                            "members.7": "thomasalanlee",
                            "members.8": "mmhmm",
                            "members.9": "tlwr",
                            "name": "verify-tech-team",
                            "permission": "pull",
                            "privacy": "closed",
                            "slug": "verify-tech-team"
                        },
                        "meta": {},
                        "tainted": false
                    },
                    "deposed": [],
                    "provider": "provider.github"
                },
                "github_team_membership.team_membership.0": {
                    "type": "github_team_membership",
                    "depends_on": [],
                    "primary": {
                        "id": "2826122:issyl0",
                        "attributes": {
                            "etag": "W/\"ec5e9f740b626e786f4db8e2e4bff611\"",
                            "id": "2826122:issyl0",
                            "role": "member",
                            "team_id": "2826122",
                            "username": "issyl0"
                        },
                        "meta": {},
                        "tainted": false
                    },
                    "deposed": [],
                    "provider": "provider.github"
                },
                "github_team_membership.team_membership.1": {
                    "type": "github_team_membership",
                    "depends_on": [],
                    "primary": {
                        "id": "2826127:issyl0",
                        "attributes": {
                            "etag": "W/\"fff9ab294d20a8879a61a4d2af598dab\"",
                            "id": "2826127:issyl0",
                            "role": "member",
                            "team_id": "2826127",
                            "username": "issyl0"
                        },
                        "meta": {},
                        "tainted": false
                    },
                    "deposed": [],
                    "provider": "provider.github"
                },
                "github_team_membership.tech_team_approver": {
                    "type": "github_team_membership",
                    "depends_on": [
                        "data.github_team.approvers_team"
                    ],
                    "primary": {
                        "id": "3101758:issyl0",
                        "attributes": {
                            "etag": "W/\"83bd8c5d752c53379ab443375412428a\"",
                            "id": "3101758:issyl0",
                            "role": "member",
                            "team_id": "3101758",
                            "username": "issyl0"
                        },
                        "meta": {},
                        "tainted": false
                    },
                    "deposed": [],
                    "provider": "provider.github"
                }
            },
            "depends_on": []
        },
        {
            "path": [
                "root",
                "user_j_maynard"
            ],
            "outputs": {},
            "resources": {
                "data.github_team.approvers_team": {
                    "type": "github_team",
                    "depends_on": [],
                    "primary": {
                        "id": "3101758",
                        "attributes": {
                            "description": "Verify tech team: verify-tech-team-approvers",
                            "id": "3101758",
                            "members.#": "30",
                            "members.0": "idrop",
                            "members.1": "46bit",
                            "members.10": "kerrr",
                            "members.11": "robinmitra",
                            "members.12": "brenetic",
                            "members.13": "CharlesIC",
                            "members.14": "sakisv",
                            "members.15": "Rosa-Fox",
                            "members.16": "chrisclayson",
                            "members.17": "smford",
                            "members.18": "blairboy362",
                            "members.19": "Wynndow",
                            "members.2": "galund",
                            "members.20": "andy-paine",
                            "members.21": "tomrosier",
                            "members.22": "bjgill",
                            "members.23": "bravegrape",
                            "members.24": "jstandring-gds",
                            "members.25": "mhussein-gds",
                            "members.26": "adityapahuja",
                            "members.27": "rhowe-gds",
                            "members.28": "AmritSidhu",
                            "members.29": "alan-gds",
                            "members.3": "issyl0",
                            "members.4": "mrwilson",
                            "members.5": "philandstuff",
                            "members.6": "chrisholmes",
                            "members.7": "thomasalanlee",
                            "members.8": "mmhmm",
                            "members.9": "tlwr",
                            "name": "verify-tech-team-approvers",
                            "permission": "pull",
                            "privacy": "closed",
                            "slug": "verify-tech-team-approvers"
                        },
                        "meta": {},
                        "tainted": false
                    },
                    "deposed": [],
                    "provider": "provider.github"
                },
                "data.github_team.tech_team": {
                    "type": "github_team",
                    "depends_on": [],
                    "primary": {
                        "id": "2830432",
                        "attributes": {
                            "description": "Verify Tech Team",
                            "id": "2830432",
                            "members.#": "30",
                            "members.0": "idrop",
                            "members.1": "46bit",
                            "members.10": "kerrr",
                            "members.11": "zilnhoj",
                            "members.12": "Todai88",
                            "members.13": "robinmitra",
                            "members.14": "brenetic",
                            "members.15": "nacnudus",
                            "members.16": "CharlesIC",
                            "members.17": "jkunle",
                            "members.18": "sakisv",
                            "members.19": "stephengrier",
                            "members.2": "galund",
                            "members.20": "Rosa-Fox",
                            "members.21": "AnneCarr",
                            "members.22": "ida-build-bot",
                            "members.23": "chrisclayson",
                            "members.24": "smford",
                            "members.25": "blairboy362",
                            "members.26": "Wynndow",
                            "members.27": "andy-paine",
                            "members.28": "tomrosier",
                            "members.29": "bjgill",
                            "members.3": "issyl0",
                            "members.4": "mrwilson",
                            "members.5": "philandstuff",
                            "members.6": "chrisholmes",
                            "members.7": "thomasalanlee",
                            "members.8": "mmhmm",
                            "members.9": "tlwr",
                            "name": "verify-tech-team",
                            "permission": "pull",
                            "privacy": "closed",
                            "slug": "verify-tech-team"
                        },
                        "meta": {},
                        "tainted": false
                    },
                    "deposed": [],
                    "provider": "provider.github"
                },
                "github_team_membership.team_membership": {
                    "type": "github_team_membership",
                    "depends_on": [],
                    "primary": {
                        "id": "2826122:j-maynard",
                        "attributes": {
                            "etag": "W/\"b7dd01bd67d43a08bc7e81692d6ef7f0\"",
                            "id": "2826122:j-maynard",
                            "role": "member",
                            "team_id": "2826122",
                            "username": "j-maynard"
                        },
                        "meta": {},
                        "tainted": false
                    },
                    "deposed": [],
                    "provider": "provider.github"
                }
            },
            "depends_on": []
        },
        {
            "path": [
                "root",
                "user_jakubmiarka"
            ],
            "outputs": {},
            "resources": {
                "data.github_team.approvers_team": {
                    "type": "github_team",
                    "depends_on": [],
                    "primary": {
                        "id": "3101758",
                        "attributes": {
                            "description": "Verify tech team: verify-tech-team-approvers",
                            "id": "3101758",
                            "members.#": "30",
                            "members.0": "idrop",
                            "members.1": "46bit",
                            "members.10": "kerrr",
                            "members.11": "robinmitra",
                            "members.12": "brenetic",
                            "members.13": "CharlesIC",
                            "members.14": "sakisv",
                            "members.15": "Rosa-Fox",
                            "members.16": "chrisclayson",
                            "members.17": "smford",
                            "members.18": "blairboy362",
                            "members.19": "Wynndow",
                            "members.2": "galund",
                            "members.20": "andy-paine",
                            "members.21": "tomrosier",
                            "members.22": "bjgill",
                            "members.23": "bravegrape",
                            "members.24": "jstandring-gds",
                            "members.25": "mhussein-gds",
                            "members.26": "adityapahuja",
                            "members.27": "rhowe-gds",
                            "members.28": "AmritSidhu",
                            "members.29": "alan-gds",
                            "members.3": "issyl0",
                            "members.4": "mrwilson",
                            "members.5": "philandstuff",
                            "members.6": "chrisholmes",
                            "members.7": "thomasalanlee",
                            "members.8": "mmhmm",
                            "members.9": "tlwr",
                            "name": "verify-tech-team-approvers",
                            "permission": "pull",
                            "privacy": "closed",
                            "slug": "verify-tech-team-approvers"
                        },
                        "meta": {},
                        "tainted": false
                    },
                    "deposed": [],
                    "provider": "provider.github"
                },
                "data.github_team.tech_team": {
                    "type": "github_team",
                    "depends_on": [],
                    "primary": {
                        "id": "2830432",
                        "attributes": {
                            "description": "Verify Tech Team",
                            "id": "2830432",
                            "members.#": "30",
                            "members.0": "idrop",
                            "members.1": "46bit",
                            "members.10": "kerrr",
                            "members.11": "zilnhoj",
                            "members.12": "Todai88",
                            "members.13": "robinmitra",
                            "members.14": "brenetic",
                            "members.15": "nacnudus",
                            "members.16": "CharlesIC",
                            "members.17": "jkunle",
                            "members.18": "sakisv",
                            "members.19": "stephengrier",
                            "members.2": "galund",
                            "members.20": "Rosa-Fox",
                            "members.21": "AnneCarr",
                            "members.22": "ida-build-bot",
                            "members.23": "chrisclayson",
                            "members.24": "smford",
                            "members.25": "blairboy362",
                            "members.26": "Wynndow",
                            "members.27": "andy-paine",
                            "members.28": "tomrosier",
                            "members.29": "bjgill",
                            "members.3": "issyl0",
                            "members.4": "mrwilson",
                            "members.5": "philandstuff",
                            "members.6": "chrisholmes",
                            "members.7": "thomasalanlee",
                            "members.8": "mmhmm",
                            "members.9": "tlwr",
                            "name": "verify-tech-team",
                            "permission": "pull",
                            "privacy": "closed",
                            "slug": "verify-tech-team"
                        },
                        "meta": {},
                        "tainted": false
                    },
                    "deposed": [],
                    "provider": "provider.github"
                },
                "github_team_membership.team_membership": {
                    "type": "github_team_membership",
                    "depends_on": [],
                    "primary": {
                        "id": "2826122:jakubmiarka",
                        "attributes": {
                            "etag": "W/\"4c1f457d34490a27458d18a9048ed0c4\"",
                            "id": "2826122:jakubmiarka",
                            "role": "maintainer",
                            "team_id": "2826122",
                            "username": "jakubmiarka"
                        },
                        "meta": {},
                        "tainted": false
                    },
                    "deposed": [],
                    "provider": "provider.github"
                },
                "github_team_membership.tech_team_approver": {
                    "type": "github_team_membership",
                    "depends_on": [
                        "data.github_team.approvers_team"
                    ],
                    "primary": {
                        "id": "3101758:jakubmiarka",
                        "attributes": {
                            "etag": "W/\"b28a5c91557a043b155bbe4194342aee\"",
                            "id": "3101758:jakubmiarka",
                            "role": "member",
                            "team_id": "3101758",
                            "username": "jakubmiarka"
                        },
                        "meta": {},
                        "tainted": false
                    },
                    "deposed": [],
                    "provider": "provider.github"
                },
                "github_team_membership.tech_team_maintainer": {
                    "type": "github_team_membership",
                    "depends_on": [
                        "data.github_team.tech_team"
                    ],
                    "primary": {
                        "id": "2830432:jakubmiarka",
                        "attributes": {
                            "etag": "W/\"d478b2cc98c6bccf8a3198d962b74ace\"",
                            "id": "2830432:jakubmiarka",
                            "role": "maintainer",
                            "team_id": "2830432",
                            "username": "jakubmiarka"
                        },
                        "meta": {},
                        "tainted": false
                    },
                    "deposed": [],
                    "provider": "provider.github"
                }
            },
            "depends_on": []
        },
        {
            "path": [
                "root",
                "user_jhjava"
            ],
            "outputs": {},
            "resources": {
                "data.github_team.approvers_team": {
                    "type": "github_team",
                    "depends_on": [],
                    "primary": {
                        "id": "3101758",
                        "attributes": {
                            "description": "Verify tech team: verify-tech-team-approvers",
                            "id": "3101758",
                            "members.#": "30",
                            "members.0": "idrop",
                            "members.1": "46bit",
                            "members.10": "kerrr",
                            "members.11": "robinmitra",
                            "members.12": "brenetic",
                            "members.13": "CharlesIC",
                            "members.14": "sakisv",
                            "members.15": "Rosa-Fox",
                            "members.16": "chrisclayson",
                            "members.17": "smford",
                            "members.18": "blairboy362",
                            "members.19": "Wynndow",
                            "members.2": "galund",
                            "members.20": "andy-paine",
                            "members.21": "tomrosier",
                            "members.22": "bjgill",
                            "members.23": "bravegrape",
                            "members.24": "jstandring-gds",
                            "members.25": "mhussein-gds",
                            "members.26": "adityapahuja",
                            "members.27": "rhowe-gds",
                            "members.28": "AmritSidhu",
                            "members.29": "alan-gds",
                            "members.3": "issyl0",
                            "members.4": "mrwilson",
                            "members.5": "philandstuff",
                            "members.6": "chrisholmes",
                            "members.7": "thomasalanlee",
                            "members.8": "mmhmm",
                            "members.9": "tlwr",
                            "name": "verify-tech-team-approvers",
                            "permission": "pull",
                            "privacy": "closed",
                            "slug": "verify-tech-team-approvers"
                        },
                        "meta": {},
                        "tainted": false
                    },
                    "deposed": [],
                    "provider": "provider.github"
                },
                "data.github_team.tech_team": {
                    "type": "github_team",
                    "depends_on": [],
                    "primary": {
                        "id": "2830432",
                        "attributes": {
                            "description": "Verify Tech Team",
                            "id": "2830432",
                            "members.#": "30",
                            "members.0": "idrop",
                            "members.1": "46bit",
                            "members.10": "kerrr",
                            "members.11": "zilnhoj",
                            "members.12": "Todai88",
                            "members.13": "robinmitra",
                            "members.14": "brenetic",
                            "members.15": "nacnudus",
                            "members.16": "CharlesIC",
                            "members.17": "jkunle",
                            "members.18": "sakisv",
                            "members.19": "stephengrier",
                            "members.2": "galund",
                            "members.20": "Rosa-Fox",
                            "members.21": "AnneCarr",
                            "members.22": "ida-build-bot",
                            "members.23": "chrisclayson",
                            "members.24": "smford",
                            "members.25": "blairboy362",
                            "members.26": "Wynndow",
                            "members.27": "andy-paine",
                            "members.28": "tomrosier",
                            "members.29": "bjgill",
                            "members.3": "issyl0",
                            "members.4": "mrwilson",
                            "members.5": "philandstuff",
                            "members.6": "chrisholmes",
                            "members.7": "thomasalanlee",
                            "members.8": "mmhmm",
                            "members.9": "tlwr",
                            "name": "verify-tech-team",
                            "permission": "pull",
                            "privacy": "closed",
                            "slug": "verify-tech-team"
                        },
                        "meta": {},
                        "tainted": false
                    },
                    "deposed": [],
                    "provider": "provider.github"
                },
                "github_team_membership.team_membership.0": {
                    "type": "github_team_membership",
                    "depends_on": [],
                    "primary": {
                        "id": "2826122:JHjava",
                        "attributes": {
                            "etag": "W/\"f652ec310806096fa93a8547d8afbb57\"",
                            "id": "2826122:JHjava",
                            "role": "maintainer",
                            "team_id": "2826122",
                            "username": "JHjava"
                        },
                        "meta": {},
                        "tainted": false
                    },
                    "deposed": [],
                    "provider": "provider.github"
                },
                "github_team_membership.team_membership.1": {
                    "type": "github_team_membership",
                    "depends_on": [],
                    "primary": {
                        "id": "2826126:JHjava",
                        "attributes": {
                            "etag": "W/\"a381c983ba152b33fac5a7babc5faf13\"",
                            "id": "2826126:JHjava",
                            "role": "maintainer",
                            "team_id": "2826126",
                            "username": "JHjava"
                        },
                        "meta": {},
                        "tainted": false
                    },
                    "deposed": [],
                    "provider": "provider.github"
                },
                "github_team_membership.tech_team_approver": {
                    "type": "github_team_membership",
                    "depends_on": [
                        "data.github_team.approvers_team"
                    ],
                    "primary": {
                        "id": "3101758:JHjava",
                        "attributes": {
                            "etag": "W/\"7118224c65cc5746dd79ba16f27af76d\"",
                            "id": "3101758:JHjava",
                            "role": "member",
                            "team_id": "3101758",
                            "username": "JHjava"
                        },
                        "meta": {},
                        "tainted": false
                    },
                    "deposed": [],
                    "provider": "provider.github"
                },
                "github_team_membership.tech_team_maintainer": {
                    "type": "github_team_membership",
                    "depends_on": [
                        "data.github_team.tech_team"
                    ],
                    "primary": {
                        "id": "2830432:JHjava",
                        "attributes": {
                            "etag": "W/\"7983340c7e063939bcf98f5e3be0478c\"",
                            "id": "2830432:JHjava",
                            "role": "maintainer",
                            "team_id": "2830432",
                            "username": "JHjava"
                        },
                        "meta": {},
                        "tainted": false
                    },
                    "deposed": [],
                    "provider": "provider.github"
                }
            },
            "depends_on": []
        },
        {
            "path": [
                "root",
                "user_jkunle"
            ],
            "outputs": {},
            "resources": {
                "data.github_team.approvers_team": {
                    "type": "github_team",
                    "depends_on": [],
                    "primary": {
                        "id": "3101758",
                        "attributes": {
                            "description": "Verify tech team: verify-tech-team-approvers",
                            "id": "3101758",
                            "members.#": "30",
                            "members.0": "idrop",
                            "members.1": "46bit",
                            "members.10": "kerrr",
                            "members.11": "robinmitra",
                            "members.12": "brenetic",
                            "members.13": "CharlesIC",
                            "members.14": "sakisv",
                            "members.15": "Rosa-Fox",
                            "members.16": "chrisclayson",
                            "members.17": "smford",
                            "members.18": "blairboy362",
                            "members.19": "Wynndow",
                            "members.2": "galund",
                            "members.20": "andy-paine",
                            "members.21": "tomrosier",
                            "members.22": "bjgill",
                            "members.23": "bravegrape",
                            "members.24": "jstandring-gds",
                            "members.25": "mhussein-gds",
                            "members.26": "adityapahuja",
                            "members.27": "rhowe-gds",
                            "members.28": "AmritSidhu",
                            "members.29": "alan-gds",
                            "members.3": "issyl0",
                            "members.4": "mrwilson",
                            "members.5": "philandstuff",
                            "members.6": "chrisholmes",
                            "members.7": "thomasalanlee",
                            "members.8": "mmhmm",
                            "members.9": "tlwr",
                            "name": "verify-tech-team-approvers",
                            "permission": "pull",
                            "privacy": "closed",
                            "slug": "verify-tech-team-approvers"
                        },
                        "meta": {},
                        "tainted": false
                    },
                    "deposed": [],
                    "provider": "provider.github"
                },
                "data.github_team.tech_team": {
                    "type": "github_team",
                    "depends_on": [],
                    "primary": {
                        "id": "2830432",
                        "attributes": {
                            "description": "Verify Tech Team",
                            "id": "2830432",
                            "members.#": "30",
                            "members.0": "idrop",
                            "members.1": "46bit",
                            "members.10": "kerrr",
                            "members.11": "zilnhoj",
                            "members.12": "Todai88",
                            "members.13": "robinmitra",
                            "members.14": "brenetic",
                            "members.15": "nacnudus",
                            "members.16": "CharlesIC",
                            "members.17": "jkunle",
                            "members.18": "sakisv",
                            "members.19": "stephengrier",
                            "members.2": "galund",
                            "members.20": "Rosa-Fox",
                            "members.21": "AnneCarr",
                            "members.22": "ida-build-bot",
                            "members.23": "chrisclayson",
                            "members.24": "smford",
                            "members.25": "blairboy362",
                            "members.26": "Wynndow",
                            "members.27": "andy-paine",
                            "members.28": "tomrosier",
                            "members.29": "bjgill",
                            "members.3": "issyl0",
                            "members.4": "mrwilson",
                            "members.5": "philandstuff",
                            "members.6": "chrisholmes",
                            "members.7": "thomasalanlee",
                            "members.8": "mmhmm",
                            "members.9": "tlwr",
                            "name": "verify-tech-team",
                            "permission": "pull",
                            "privacy": "closed",
                            "slug": "verify-tech-team"
                        },
                        "meta": {},
                        "tainted": false
                    },
                    "deposed": [],
                    "provider": "provider.github"
                },
                "github_team_membership.team_membership": {
                    "type": "github_team_membership",
                    "depends_on": [],
                    "primary": {
                        "id": "2826122:jkunle",
                        "attributes": {
                            "etag": "W/\"aed1c7efcb889de97af48ebd50dff30d\"",
                            "id": "2826122:jkunle",
                            "role": "member",
                            "team_id": "2826122",
                            "username": "jkunle"
                        },
                        "meta": {},
                        "tainted": false
                    },
                    "deposed": [],
                    "provider": "provider.github"
                }
            },
            "depends_on": []
        },
        {
            "path": [
                "root",
                "user_johnwattsgds"
            ],
            "outputs": {},
            "resources": {
                "data.github_team.approvers_team": {
                    "type": "github_team",
                    "depends_on": [],
                    "primary": {
                        "id": "3101758",
                        "attributes": {
                            "description": "Verify tech team: verify-tech-team-approvers",
                            "id": "3101758",
                            "members.#": "30",
                            "members.0": "idrop",
                            "members.1": "46bit",
                            "members.10": "kerrr",
                            "members.11": "robinmitra",
                            "members.12": "brenetic",
                            "members.13": "CharlesIC",
                            "members.14": "sakisv",
                            "members.15": "Rosa-Fox",
                            "members.16": "chrisclayson",
                            "members.17": "smford",
                            "members.18": "blairboy362",
                            "members.19": "Wynndow",
                            "members.2": "galund",
                            "members.20": "andy-paine",
                            "members.21": "tomrosier",
                            "members.22": "bjgill",
                            "members.23": "bravegrape",
                            "members.24": "jstandring-gds",
                            "members.25": "mhussein-gds",
                            "members.26": "adityapahuja",
                            "members.27": "rhowe-gds",
                            "members.28": "AmritSidhu",
                            "members.29": "alan-gds",
                            "members.3": "issyl0",
                            "members.4": "mrwilson",
                            "members.5": "philandstuff",
                            "members.6": "chrisholmes",
                            "members.7": "thomasalanlee",
                            "members.8": "mmhmm",
                            "members.9": "tlwr",
                            "name": "verify-tech-team-approvers",
                            "permission": "pull",
                            "privacy": "closed",
                            "slug": "verify-tech-team-approvers"
                        },
                        "meta": {},
                        "tainted": false
                    },
                    "deposed": [],
                    "provider": "provider.github"
                },
                "data.github_team.tech_team": {
                    "type": "github_team",
                    "depends_on": [],
                    "primary": {
                        "id": "2830432",
                        "attributes": {
                            "description": "Verify Tech Team",
                            "id": "2830432",
                            "members.#": "30",
                            "members.0": "idrop",
                            "members.1": "46bit",
                            "members.10": "kerrr",
                            "members.11": "zilnhoj",
                            "members.12": "Todai88",
                            "members.13": "robinmitra",
                            "members.14": "brenetic",
                            "members.15": "nacnudus",
                            "members.16": "CharlesIC",
                            "members.17": "jkunle",
                            "members.18": "sakisv",
                            "members.19": "stephengrier",
                            "members.2": "galund",
                            "members.20": "Rosa-Fox",
                            "members.21": "AnneCarr",
                            "members.22": "ida-build-bot",
                            "members.23": "chrisclayson",
                            "members.24": "smford",
                            "members.25": "blairboy362",
                            "members.26": "Wynndow",
                            "members.27": "andy-paine",
                            "members.28": "tomrosier",
                            "members.29": "bjgill",
                            "members.3": "issyl0",
                            "members.4": "mrwilson",
                            "members.5": "philandstuff",
                            "members.6": "chrisholmes",
                            "members.7": "thomasalanlee",
                            "members.8": "mmhmm",
                            "members.9": "tlwr",
                            "name": "verify-tech-team",
                            "permission": "pull",
                            "privacy": "closed",
                            "slug": "verify-tech-team"
                        },
                        "meta": {},
                        "tainted": false
                    },
                    "deposed": [],
                    "provider": "provider.github"
                },
                "github_team_membership.team_membership.0": {
                    "type": "github_team_membership",
                    "depends_on": [],
                    "primary": {
                        "id": "2826122:johnwattsgds",
                        "attributes": {
                            "etag": "W/\"2eb70af35bc7fa56c95fda97410c69d8\"",
                            "id": "2826122:johnwattsgds",
                            "role": "member",
                            "team_id": "2826122",
                            "username": "JohnWattsGDS"
                        },
                        "meta": {},
                        "tainted": false
                    },
                    "deposed": [],
                    "provider": "provider.github"
                },
                "github_team_membership.team_membership.1": {
                    "type": "github_team_membership",
                    "depends_on": [],
                    "primary": {
                        "id": "2826126:JohnWattsGDS",
                        "attributes": {
                            "etag": "W/\"15676c994619f4d87cf64419663a602d\"",
                            "id": "2826126:JohnWattsGDS",
                            "role": "member",
                            "team_id": "2826126",
                            "username": "JohnWattsGDS"
                        },
                        "meta": {},
                        "tainted": false
                    },
                    "deposed": [],
                    "provider": "provider.github"
                },
                "github_team_membership.tech_team_approver": {
                    "type": "github_team_membership",
                    "depends_on": [
                        "data.github_team.approvers_team"
                    ],
                    "primary": {
                        "id": "3101758:JohnWattsGDS",
                        "attributes": {
                            "etag": "W/\"98ebcfc0bf0247839b6947ee56b5c82b\"",
                            "id": "3101758:JohnWattsGDS",
                            "role": "member",
                            "team_id": "3101758",
                            "username": "JohnWattsGDS"
                        },
                        "meta": {},
                        "tainted": false
                    },
                    "deposed": [],
                    "provider": "provider.github"
                }
            },
            "depends_on": []
        },
        {
            "path": [
                "root",
                "user_jstandring_gds"
            ],
            "outputs": {},
            "resources": {
                "data.github_team.approvers_team": {
                    "type": "github_team",
                    "depends_on": [],
                    "primary": {
                        "id": "3101758",
                        "attributes": {
                            "description": "Verify tech team: verify-tech-team-approvers",
                            "id": "3101758",
                            "members.#": "30",
                            "members.0": "idrop",
                            "members.1": "46bit",
                            "members.10": "kerrr",
                            "members.11": "robinmitra",
                            "members.12": "brenetic",
                            "members.13": "CharlesIC",
                            "members.14": "sakisv",
                            "members.15": "Rosa-Fox",
                            "members.16": "chrisclayson",
                            "members.17": "smford",
                            "members.18": "blairboy362",
                            "members.19": "Wynndow",
                            "members.2": "galund",
                            "members.20": "andy-paine",
                            "members.21": "tomrosier",
                            "members.22": "bjgill",
                            "members.23": "bravegrape",
                            "members.24": "jstandring-gds",
                            "members.25": "mhussein-gds",
                            "members.26": "adityapahuja",
                            "members.27": "rhowe-gds",
                            "members.28": "AmritSidhu",
                            "members.29": "alan-gds",
                            "members.3": "issyl0",
                            "members.4": "mrwilson",
                            "members.5": "philandstuff",
                            "members.6": "chrisholmes",
                            "members.7": "thomasalanlee",
                            "members.8": "mmhmm",
                            "members.9": "tlwr",
                            "name": "verify-tech-team-approvers",
                            "permission": "pull",
                            "privacy": "closed",
                            "slug": "verify-tech-team-approvers"
                        },
                        "meta": {},
                        "tainted": false
                    },
                    "deposed": [],
                    "provider": "provider.github"
                },
                "data.github_team.tech_team": {
                    "type": "github_team",
                    "depends_on": [],
                    "primary": {
                        "id": "2830432",
                        "attributes": {
                            "description": "Verify Tech Team",
                            "id": "2830432",
                            "members.#": "30",
                            "members.0": "idrop",
                            "members.1": "46bit",
                            "members.10": "kerrr",
                            "members.11": "zilnhoj",
                            "members.12": "Todai88",
                            "members.13": "robinmitra",
                            "members.14": "brenetic",
                            "members.15": "nacnudus",
                            "members.16": "CharlesIC",
                            "members.17": "jkunle",
                            "members.18": "sakisv",
                            "members.19": "stephengrier",
                            "members.2": "galund",
                            "members.20": "Rosa-Fox",
                            "members.21": "AnneCarr",
                            "members.22": "ida-build-bot",
                            "members.23": "chrisclayson",
                            "members.24": "smford",
                            "members.25": "blairboy362",
                            "members.26": "Wynndow",
                            "members.27": "andy-paine",
                            "members.28": "tomrosier",
                            "members.29": "bjgill",
                            "members.3": "issyl0",
                            "members.4": "mrwilson",
                            "members.5": "philandstuff",
                            "members.6": "chrisholmes",
                            "members.7": "thomasalanlee",
                            "members.8": "mmhmm",
                            "members.9": "tlwr",
                            "name": "verify-tech-team",
                            "permission": "pull",
                            "privacy": "closed",
                            "slug": "verify-tech-team"
                        },
                        "meta": {},
                        "tainted": false
                    },
                    "deposed": [],
                    "provider": "provider.github"
                },
                "github_team_membership.team_membership": {
                    "type": "github_team_membership",
                    "depends_on": [],
                    "primary": {
                        "id": "2826127:jstandring-gds",
                        "attributes": {
                            "etag": "W/\"2bc8617925f3627b52dd1109331b4b7d\"",
                            "id": "2826127:jstandring-gds",
                            "role": "member",
                            "team_id": "2826127",
                            "username": "jstandring-gds"
                        },
                        "meta": {},
                        "tainted": false
                    },
                    "deposed": [],
                    "provider": "provider.github"
                },
                "github_team_membership.tech_team_approver": {
                    "type": "github_team_membership",
                    "depends_on": [
                        "data.github_team.approvers_team"
                    ],
                    "primary": {
                        "id": "3101758:jstandring-gds",
                        "attributes": {
                            "etag": "W/\"462d7e51da6b801b14d8f45cba47384a\"",
                            "id": "3101758:jstandring-gds",
                            "role": "member",
                            "team_id": "3101758",
                            "username": "jstandring-gds"
                        },
                        "meta": {},
                        "tainted": false
                    },
                    "deposed": [],
                    "provider": "provider.github"
                }
            },
            "depends_on": []
        },
        {
            "path": [
                "root",
                "user_kerrr"
            ],
            "outputs": {},
            "resources": {
                "data.github_team.approvers_team": {
                    "type": "github_team",
                    "depends_on": [],
                    "primary": {
                        "id": "3101758",
                        "attributes": {
                            "description": "Verify tech team: verify-tech-team-approvers",
                            "id": "3101758",
                            "members.#": "30",
                            "members.0": "idrop",
                            "members.1": "46bit",
                            "members.10": "kerrr",
                            "members.11": "robinmitra",
                            "members.12": "brenetic",
                            "members.13": "CharlesIC",
                            "members.14": "sakisv",
                            "members.15": "Rosa-Fox",
                            "members.16": "chrisclayson",
                            "members.17": "smford",
                            "members.18": "blairboy362",
                            "members.19": "Wynndow",
                            "members.2": "galund",
                            "members.20": "andy-paine",
                            "members.21": "tomrosier",
                            "members.22": "bjgill",
                            "members.23": "bravegrape",
                            "members.24": "jstandring-gds",
                            "members.25": "mhussein-gds",
                            "members.26": "adityapahuja",
                            "members.27": "rhowe-gds",
                            "members.28": "AmritSidhu",
                            "members.29": "alan-gds",
                            "members.3": "issyl0",
                            "members.4": "mrwilson",
                            "members.5": "philandstuff",
                            "members.6": "chrisholmes",
                            "members.7": "thomasalanlee",
                            "members.8": "mmhmm",
                            "members.9": "tlwr",
                            "name": "verify-tech-team-approvers",
                            "permission": "pull",
                            "privacy": "closed",
                            "slug": "verify-tech-team-approvers"
                        },
                        "meta": {},
                        "tainted": false
                    },
                    "deposed": [],
                    "provider": "provider.github"
                },
                "data.github_team.tech_team": {
                    "type": "github_team",
                    "depends_on": [],
                    "primary": {
                        "id": "2830432",
                        "attributes": {
                            "description": "Verify Tech Team",
                            "id": "2830432",
                            "members.#": "30",
                            "members.0": "idrop",
                            "members.1": "46bit",
                            "members.10": "kerrr",
                            "members.11": "zilnhoj",
                            "members.12": "Todai88",
                            "members.13": "robinmitra",
                            "members.14": "brenetic",
                            "members.15": "nacnudus",
                            "members.16": "CharlesIC",
                            "members.17": "jkunle",
                            "members.18": "sakisv",
                            "members.19": "stephengrier",
                            "members.2": "galund",
                            "members.20": "Rosa-Fox",
                            "members.21": "AnneCarr",
                            "members.22": "ida-build-bot",
                            "members.23": "chrisclayson",
                            "members.24": "smford",
                            "members.25": "blairboy362",
                            "members.26": "Wynndow",
                            "members.27": "andy-paine",
                            "members.28": "tomrosier",
                            "members.29": "bjgill",
                            "members.3": "issyl0",
                            "members.4": "mrwilson",
                            "members.5": "philandstuff",
                            "members.6": "chrisholmes",
                            "members.7": "thomasalanlee",
                            "members.8": "mmhmm",
                            "members.9": "tlwr",
                            "name": "verify-tech-team",
                            "permission": "pull",
                            "privacy": "closed",
                            "slug": "verify-tech-team"
                        },
                        "meta": {},
                        "tainted": false
                    },
                    "deposed": [],
                    "provider": "provider.github"
                },
                "github_team_membership.team_membership": {
                    "type": "github_team_membership",
                    "depends_on": [],
                    "primary": {
                        "id": "2826122:kerrr",
                        "attributes": {
                            "etag": "W/\"6851fc22aa4a1d126e0230b42bf82c10\"",
                            "id": "2826122:kerrr",
                            "role": "member",
                            "team_id": "2826122",
                            "username": "kerrr"
                        },
                        "meta": {},
                        "tainted": false
                    },
                    "deposed": [],
                    "provider": "provider.github"
                },
                "github_team_membership.tech_team_approver": {
                    "type": "github_team_membership",
                    "depends_on": [
                        "data.github_team.approvers_team"
                    ],
                    "primary": {
                        "id": "3101758:kerrr",
                        "attributes": {
                            "etag": "W/\"aae92ebdf789e919bdd09cca2534e4f9\"",
                            "id": "3101758:kerrr",
                            "role": "member",
                            "team_id": "3101758",
                            "username": "kerrr"
                        },
                        "meta": {},
                        "tainted": false
                    },
                    "deposed": [],
                    "provider": "provider.github"
                }
            },
            "depends_on": []
        },
        {
            "path": [
                "root",
                "user_mariaslo"
            ],
            "outputs": {},
            "resources": {
                "data.github_team.approvers_team": {
                    "type": "github_team",
                    "depends_on": [],
                    "primary": {
                        "id": "3101758",
                        "attributes": {
                            "description": "Verify tech team: verify-tech-team-approvers",
                            "id": "3101758",
                            "members.#": "30",
                            "members.0": "idrop",
                            "members.1": "46bit",
                            "members.10": "kerrr",
                            "members.11": "robinmitra",
                            "members.12": "brenetic",
                            "members.13": "CharlesIC",
                            "members.14": "sakisv",
                            "members.15": "Rosa-Fox",
                            "members.16": "chrisclayson",
                            "members.17": "smford",
                            "members.18": "blairboy362",
                            "members.19": "Wynndow",
                            "members.2": "galund",
                            "members.20": "andy-paine",
                            "members.21": "tomrosier",
                            "members.22": "bjgill",
                            "members.23": "bravegrape",
                            "members.24": "jstandring-gds",
                            "members.25": "mhussein-gds",
                            "members.26": "adityapahuja",
                            "members.27": "rhowe-gds",
                            "members.28": "AmritSidhu",
                            "members.29": "alan-gds",
                            "members.3": "issyl0",
                            "members.4": "mrwilson",
                            "members.5": "philandstuff",
                            "members.6": "chrisholmes",
                            "members.7": "thomasalanlee",
                            "members.8": "mmhmm",
                            "members.9": "tlwr",
                            "name": "verify-tech-team-approvers",
                            "permission": "pull",
                            "privacy": "closed",
                            "slug": "verify-tech-team-approvers"
                        },
                        "meta": {},
                        "tainted": false
                    },
                    "deposed": [],
                    "provider": "provider.github"
                },
                "data.github_team.tech_team": {
                    "type": "github_team",
                    "depends_on": [],
                    "primary": {
                        "id": "2830432",
                        "attributes": {
                            "description": "Verify Tech Team",
                            "id": "2830432",
                            "members.#": "30",
                            "members.0": "idrop",
                            "members.1": "46bit",
                            "members.10": "kerrr",
                            "members.11": "zilnhoj",
                            "members.12": "Todai88",
                            "members.13": "robinmitra",
                            "members.14": "brenetic",
                            "members.15": "nacnudus",
                            "members.16": "CharlesIC",
                            "members.17": "jkunle",
                            "members.18": "sakisv",
                            "members.19": "stephengrier",
                            "members.2": "galund",
                            "members.20": "Rosa-Fox",
                            "members.21": "AnneCarr",
                            "members.22": "ida-build-bot",
                            "members.23": "chrisclayson",
                            "members.24": "smford",
                            "members.25": "blairboy362",
                            "members.26": "Wynndow",
                            "members.27": "andy-paine",
                            "members.28": "tomrosier",
                            "members.29": "bjgill",
                            "members.3": "issyl0",
                            "members.4": "mrwilson",
                            "members.5": "philandstuff",
                            "members.6": "chrisholmes",
                            "members.7": "thomasalanlee",
                            "members.8": "mmhmm",
                            "members.9": "tlwr",
                            "name": "verify-tech-team",
                            "permission": "pull",
                            "privacy": "closed",
                            "slug": "verify-tech-team"
                        },
                        "meta": {},
                        "tainted": false
                    },
                    "deposed": [],
                    "provider": "provider.github"
                },
                "github_team_membership.team_membership": {
                    "type": "github_team_membership",
                    "depends_on": [],
                    "primary": {
                        "id": "2826122:Mariaslo",
                        "attributes": {
                            "etag": "W/\"21fa7bb9246bb1eafcbd3c61ae343e93\"",
                            "id": "2826122:Mariaslo",
                            "role": "member",
                            "team_id": "2826122",
                            "username": "Mariaslo"
                        },
                        "meta": {},
                        "tainted": false
                    },
                    "deposed": [],
                    "provider": "provider.github"
                }
            },
            "depends_on": []
        },
        {
            "path": [
                "root",
                "user_mhussein_gds"
            ],
            "outputs": {},
            "resources": {
                "data.github_team.approvers_team": {
                    "type": "github_team",
                    "depends_on": [],
                    "primary": {
                        "id": "3101758",
                        "attributes": {
                            "description": "Verify tech team: verify-tech-team-approvers",
                            "id": "3101758",
                            "members.#": "30",
                            "members.0": "idrop",
                            "members.1": "46bit",
                            "members.10": "kerrr",
                            "members.11": "robinmitra",
                            "members.12": "brenetic",
                            "members.13": "CharlesIC",
                            "members.14": "sakisv",
                            "members.15": "Rosa-Fox",
                            "members.16": "chrisclayson",
                            "members.17": "smford",
                            "members.18": "blairboy362",
                            "members.19": "Wynndow",
                            "members.2": "galund",
                            "members.20": "andy-paine",
                            "members.21": "tomrosier",
                            "members.22": "bjgill",
                            "members.23": "bravegrape",
                            "members.24": "jstandring-gds",
                            "members.25": "mhussein-gds",
                            "members.26": "adityapahuja",
                            "members.27": "rhowe-gds",
                            "members.28": "AmritSidhu",
                            "members.29": "alan-gds",
                            "members.3": "issyl0",
                            "members.4": "mrwilson",
                            "members.5": "philandstuff",
                            "members.6": "chrisholmes",
                            "members.7": "thomasalanlee",
                            "members.8": "mmhmm",
                            "members.9": "tlwr",
                            "name": "verify-tech-team-approvers",
                            "permission": "pull",
                            "privacy": "closed",
                            "slug": "verify-tech-team-approvers"
                        },
                        "meta": {},
                        "tainted": false
                    },
                    "deposed": [],
                    "provider": "provider.github"
                },
                "data.github_team.tech_team": {
                    "type": "github_team",
                    "depends_on": [],
                    "primary": {
                        "id": "2830432",
                        "attributes": {
                            "description": "Verify Tech Team",
                            "id": "2830432",
                            "members.#": "30",
                            "members.0": "idrop",
                            "members.1": "46bit",
                            "members.10": "kerrr",
                            "members.11": "zilnhoj",
                            "members.12": "Todai88",
                            "members.13": "robinmitra",
                            "members.14": "brenetic",
                            "members.15": "nacnudus",
                            "members.16": "CharlesIC",
                            "members.17": "jkunle",
                            "members.18": "sakisv",
                            "members.19": "stephengrier",
                            "members.2": "galund",
                            "members.20": "Rosa-Fox",
                            "members.21": "AnneCarr",
                            "members.22": "ida-build-bot",
                            "members.23": "chrisclayson",
                            "members.24": "smford",
                            "members.25": "blairboy362",
                            "members.26": "Wynndow",
                            "members.27": "andy-paine",
                            "members.28": "tomrosier",
                            "members.29": "bjgill",
                            "members.3": "issyl0",
                            "members.4": "mrwilson",
                            "members.5": "philandstuff",
                            "members.6": "chrisholmes",
                            "members.7": "thomasalanlee",
                            "members.8": "mmhmm",
                            "members.9": "tlwr",
                            "name": "verify-tech-team",
                            "permission": "pull",
                            "privacy": "closed",
                            "slug": "verify-tech-team"
                        },
                        "meta": {},
                        "tainted": false
                    },
                    "deposed": [],
                    "provider": "provider.github"
                },
                "github_team_membership.team_membership": {
                    "type": "github_team_membership",
                    "depends_on": [],
                    "primary": {
                        "id": "2826122:mhussein-gds",
                        "attributes": {
                            "etag": "W/\"b50772eefedd2f069a97079f57347cb7\"",
                            "id": "2826122:mhussein-gds",
                            "role": "member",
                            "team_id": "2826122",
                            "username": "mhussein-gds"
                        },
                        "meta": {},
                        "tainted": false
                    },
                    "deposed": [],
                    "provider": "provider.github"
                },
                "github_team_membership.tech_team_approver": {
                    "type": "github_team_membership",
                    "depends_on": [
                        "data.github_team.approvers_team"
                    ],
                    "primary": {
                        "id": "3101758:mhussein-gds",
                        "attributes": {
                            "etag": "W/\"a187cf72afc4757296b4fce13d9c0c64\"",
                            "id": "3101758:mhussein-gds",
                            "role": "member",
                            "team_id": "3101758",
                            "username": "mhussein-gds"
                        },
                        "meta": {},
                        "tainted": false
                    },
                    "deposed": [],
                    "provider": "provider.github"
                }
            },
            "depends_on": []
        },
        {
            "path": [
                "root",
                "user_mmhmm"
            ],
            "outputs": {},
            "resources": {
                "data.github_team.approvers_team": {
                    "type": "github_team",
                    "depends_on": [],
                    "primary": {
                        "id": "3101758",
                        "attributes": {
                            "description": "Verify tech team: verify-tech-team-approvers",
                            "id": "3101758",
                            "members.#": "30",
                            "members.0": "idrop",
                            "members.1": "46bit",
                            "members.10": "kerrr",
                            "members.11": "robinmitra",
                            "members.12": "brenetic",
                            "members.13": "CharlesIC",
                            "members.14": "sakisv",
                            "members.15": "Rosa-Fox",
                            "members.16": "chrisclayson",
                            "members.17": "smford",
                            "members.18": "blairboy362",
                            "members.19": "Wynndow",
                            "members.2": "galund",
                            "members.20": "andy-paine",
                            "members.21": "tomrosier",
                            "members.22": "bjgill",
                            "members.23": "bravegrape",
                            "members.24": "jstandring-gds",
                            "members.25": "mhussein-gds",
                            "members.26": "adityapahuja",
                            "members.27": "rhowe-gds",
                            "members.28": "AmritSidhu",
                            "members.29": "alan-gds",
                            "members.3": "issyl0",
                            "members.4": "mrwilson",
                            "members.5": "philandstuff",
                            "members.6": "chrisholmes",
                            "members.7": "thomasalanlee",
                            "members.8": "mmhmm",
                            "members.9": "tlwr",
                            "name": "verify-tech-team-approvers",
                            "permission": "pull",
                            "privacy": "closed",
                            "slug": "verify-tech-team-approvers"
                        },
                        "meta": {},
                        "tainted": false
                    },
                    "deposed": [],
                    "provider": "provider.github"
                },
                "data.github_team.tech_team": {
                    "type": "github_team",
                    "depends_on": [],
                    "primary": {
                        "id": "2830432",
                        "attributes": {
                            "description": "Verify Tech Team",
                            "id": "2830432",
                            "members.#": "30",
                            "members.0": "idrop",
                            "members.1": "46bit",
                            "members.10": "kerrr",
                            "members.11": "zilnhoj",
                            "members.12": "Todai88",
                            "members.13": "robinmitra",
                            "members.14": "brenetic",
                            "members.15": "nacnudus",
                            "members.16": "CharlesIC",
                            "members.17": "jkunle",
                            "members.18": "sakisv",
                            "members.19": "stephengrier",
                            "members.2": "galund",
                            "members.20": "Rosa-Fox",
                            "members.21": "AnneCarr",
                            "members.22": "ida-build-bot",
                            "members.23": "chrisclayson",
                            "members.24": "smford",
                            "members.25": "blairboy362",
                            "members.26": "Wynndow",
                            "members.27": "andy-paine",
                            "members.28": "tomrosier",
                            "members.29": "bjgill",
                            "members.3": "issyl0",
                            "members.4": "mrwilson",
                            "members.5": "philandstuff",
                            "members.6": "chrisholmes",
                            "members.7": "thomasalanlee",
                            "members.8": "mmhmm",
                            "members.9": "tlwr",
                            "name": "verify-tech-team",
                            "permission": "pull",
                            "privacy": "closed",
                            "slug": "verify-tech-team"
                        },
                        "meta": {},
                        "tainted": false
                    },
                    "deposed": [],
                    "provider": "provider.github"
                },
                "github_team_membership.team_membership": {
                    "type": "github_team_membership",
                    "depends_on": [],
                    "primary": {
                        "id": "2826127:mmhmm",
                        "attributes": {
                            "etag": "W/\"4a261da0be0146cb7c9f573e4e0f7dfb\"",
                            "id": "2826127:mmhmm",
                            "role": "member",
                            "team_id": "2826127",
                            "username": "mmhmm"
                        },
                        "meta": {},
                        "tainted": false
                    },
                    "deposed": [],
                    "provider": "provider.github"
                },
                "github_team_membership.tech_team_approver": {
                    "type": "github_team_membership",
                    "depends_on": [
                        "data.github_team.approvers_team"
                    ],
                    "primary": {
                        "id": "3101758:mmhmm",
                        "attributes": {
                            "etag": "W/\"595fc71d09e693654cf2a3823e51514e\"",
                            "id": "3101758:mmhmm",
                            "role": "member",
                            "team_id": "3101758",
                            "username": "mmhmm"
                        },
                        "meta": {},
                        "tainted": false
                    },
                    "deposed": [],
                    "provider": "provider.github"
                }
            },
            "depends_on": []
        },
        {
            "path": [
                "root",
                "user_mrwilson"
            ],
            "outputs": {},
            "resources": {
                "data.github_team.approvers_team": {
                    "type": "github_team",
                    "depends_on": [],
                    "primary": {
                        "id": "3101758",
                        "attributes": {
                            "description": "Verify tech team: verify-tech-team-approvers",
                            "id": "3101758",
                            "members.#": "30",
                            "members.0": "idrop",
                            "members.1": "46bit",
                            "members.10": "kerrr",
                            "members.11": "robinmitra",
                            "members.12": "brenetic",
                            "members.13": "CharlesIC",
                            "members.14": "sakisv",
                            "members.15": "Rosa-Fox",
                            "members.16": "chrisclayson",
                            "members.17": "smford",
                            "members.18": "blairboy362",
                            "members.19": "Wynndow",
                            "members.2": "galund",
                            "members.20": "andy-paine",
                            "members.21": "tomrosier",
                            "members.22": "bjgill",
                            "members.23": "bravegrape",
                            "members.24": "jstandring-gds",
                            "members.25": "mhussein-gds",
                            "members.26": "adityapahuja",
                            "members.27": "rhowe-gds",
                            "members.28": "AmritSidhu",
                            "members.29": "alan-gds",
                            "members.3": "issyl0",
                            "members.4": "mrwilson",
                            "members.5": "philandstuff",
                            "members.6": "chrisholmes",
                            "members.7": "thomasalanlee",
                            "members.8": "mmhmm",
                            "members.9": "tlwr",
                            "name": "verify-tech-team-approvers",
                            "permission": "pull",
                            "privacy": "closed",
                            "slug": "verify-tech-team-approvers"
                        },
                        "meta": {},
                        "tainted": false
                    },
                    "deposed": [],
                    "provider": "provider.github"
                },
                "data.github_team.tech_team": {
                    "type": "github_team",
                    "depends_on": [],
                    "primary": {
                        "id": "2830432",
                        "attributes": {
                            "description": "Verify Tech Team",
                            "id": "2830432",
                            "members.#": "30",
                            "members.0": "idrop",
                            "members.1": "46bit",
                            "members.10": "kerrr",
                            "members.11": "zilnhoj",
                            "members.12": "Todai88",
                            "members.13": "robinmitra",
                            "members.14": "brenetic",
                            "members.15": "nacnudus",
                            "members.16": "CharlesIC",
                            "members.17": "jkunle",
                            "members.18": "sakisv",
                            "members.19": "stephengrier",
                            "members.2": "galund",
                            "members.20": "Rosa-Fox",
                            "members.21": "AnneCarr",
                            "members.22": "ida-build-bot",
                            "members.23": "chrisclayson",
                            "members.24": "smford",
                            "members.25": "blairboy362",
                            "members.26": "Wynndow",
                            "members.27": "andy-paine",
                            "members.28": "tomrosier",
                            "members.29": "bjgill",
                            "members.3": "issyl0",
                            "members.4": "mrwilson",
                            "members.5": "philandstuff",
                            "members.6": "chrisholmes",
                            "members.7": "thomasalanlee",
                            "members.8": "mmhmm",
                            "members.9": "tlwr",
                            "name": "verify-tech-team",
                            "permission": "pull",
                            "privacy": "closed",
                            "slug": "verify-tech-team"
                        },
                        "meta": {},
                        "tainted": false
                    },
                    "deposed": [],
                    "provider": "provider.github"
                },
                "github_team_membership.team_membership": {
                    "type": "github_team_membership",
                    "depends_on": [],
                    "primary": {
                        "id": "2826122:mrwilson",
                        "attributes": {
                            "etag": "W/\"9de748b51b9efa8dab35eb48131dcc99\"",
                            "id": "2826122:mrwilson",
                            "role": "member",
                            "team_id": "2826122",
                            "username": "mrwilson"
                        },
                        "meta": {},
                        "tainted": false
                    },
                    "deposed": [],
                    "provider": "provider.github"
                },
                "github_team_membership.tech_team_approver": {
                    "type": "github_team_membership",
                    "depends_on": [
                        "data.github_team.approvers_team"
                    ],
                    "primary": {
                        "id": "3101758:mrwilson",
                        "attributes": {
                            "etag": "W/\"2cd96696f26c6956a296cb8d7ac1738a\"",
                            "id": "3101758:mrwilson",
                            "role": "member",
                            "team_id": "3101758",
                            "username": "mrwilson"
                        },
                        "meta": {},
                        "tainted": false
                    },
                    "deposed": [],
                    "provider": "provider.github"
                }
            },
            "depends_on": []
        },
        {
            "path": [
                "root",
                "user_nacnudus"
            ],
            "outputs": {},
            "resources": {
                "data.github_team.approvers_team": {
                    "type": "github_team",
                    "depends_on": [],
                    "primary": {
                        "id": "3101758",
                        "attributes": {
                            "description": "Verify tech team: verify-tech-team-approvers",
                            "id": "3101758",
                            "members.#": "30",
                            "members.0": "idrop",
                            "members.1": "46bit",
                            "members.10": "kerrr",
                            "members.11": "robinmitra",
                            "members.12": "brenetic",
                            "members.13": "CharlesIC",
                            "members.14": "sakisv",
                            "members.15": "Rosa-Fox",
                            "members.16": "chrisclayson",
                            "members.17": "smford",
                            "members.18": "blairboy362",
                            "members.19": "Wynndow",
                            "members.2": "galund",
                            "members.20": "andy-paine",
                            "members.21": "tomrosier",
                            "members.22": "bjgill",
                            "members.23": "bravegrape",
                            "members.24": "jstandring-gds",
                            "members.25": "mhussein-gds",
                            "members.26": "adityapahuja",
                            "members.27": "rhowe-gds",
                            "members.28": "AmritSidhu",
                            "members.29": "alan-gds",
                            "members.3": "issyl0",
                            "members.4": "mrwilson",
                            "members.5": "philandstuff",
                            "members.6": "chrisholmes",
                            "members.7": "thomasalanlee",
                            "members.8": "mmhmm",
                            "members.9": "tlwr",
                            "name": "verify-tech-team-approvers",
                            "permission": "pull",
                            "privacy": "closed",
                            "slug": "verify-tech-team-approvers"
                        },
                        "meta": {},
                        "tainted": false
                    },
                    "deposed": [],
                    "provider": "provider.github"
                },
                "data.github_team.tech_team": {
                    "type": "github_team",
                    "depends_on": [],
                    "primary": {
                        "id": "2830432",
                        "attributes": {
                            "description": "Verify Tech Team",
                            "id": "2830432",
                            "members.#": "30",
                            "members.0": "idrop",
                            "members.1": "46bit",
                            "members.10": "kerrr",
                            "members.11": "zilnhoj",
                            "members.12": "Todai88",
                            "members.13": "robinmitra",
                            "members.14": "brenetic",
                            "members.15": "nacnudus",
                            "members.16": "CharlesIC",
                            "members.17": "jkunle",
                            "members.18": "sakisv",
                            "members.19": "stephengrier",
                            "members.2": "galund",
                            "members.20": "Rosa-Fox",
                            "members.21": "AnneCarr",
                            "members.22": "ida-build-bot",
                            "members.23": "chrisclayson",
                            "members.24": "smford",
                            "members.25": "blairboy362",
                            "members.26": "Wynndow",
                            "members.27": "andy-paine",
                            "members.28": "tomrosier",
                            "members.29": "bjgill",
                            "members.3": "issyl0",
                            "members.4": "mrwilson",
                            "members.5": "philandstuff",
                            "members.6": "chrisholmes",
                            "members.7": "thomasalanlee",
                            "members.8": "mmhmm",
                            "members.9": "tlwr",
                            "name": "verify-tech-team",
                            "permission": "pull",
                            "privacy": "closed",
                            "slug": "verify-tech-team"
                        },
                        "meta": {},
                        "tainted": false
                    },
                    "deposed": [],
                    "provider": "provider.github"
                },
                "github_team_membership.team_membership": {
                    "type": "github_team_membership",
                    "depends_on": [],
                    "primary": {
                        "id": "2826122:nacnudus",
                        "attributes": {
                            "etag": "W/\"e7675622e3ccb91dd4b64f3dfb62295b\"",
                            "id": "2826122:nacnudus",
                            "role": "member",
                            "team_id": "2826122",
                            "username": "nacnudus"
                        },
                        "meta": {},
                        "tainted": false
                    },
                    "deposed": [],
                    "provider": "provider.github"
                }
            },
            "depends_on": []
        },
        {
            "path": [
                "root",
                "user_philandstuff"
            ],
            "outputs": {},
            "resources": {
                "data.github_team.approvers_team": {
                    "type": "github_team",
                    "depends_on": [],
                    "primary": {
                        "id": "3101758",
                        "attributes": {
                            "description": "Verify tech team: verify-tech-team-approvers",
                            "id": "3101758",
                            "members.#": "30",
                            "members.0": "idrop",
                            "members.1": "46bit",
                            "members.10": "kerrr",
                            "members.11": "robinmitra",
                            "members.12": "brenetic",
                            "members.13": "CharlesIC",
                            "members.14": "sakisv",
                            "members.15": "Rosa-Fox",
                            "members.16": "chrisclayson",
                            "members.17": "smford",
                            "members.18": "blairboy362",
                            "members.19": "Wynndow",
                            "members.2": "galund",
                            "members.20": "andy-paine",
                            "members.21": "tomrosier",
                            "members.22": "bjgill",
                            "members.23": "bravegrape",
                            "members.24": "jstandring-gds",
                            "members.25": "mhussein-gds",
                            "members.26": "adityapahuja",
                            "members.27": "rhowe-gds",
                            "members.28": "AmritSidhu",
                            "members.29": "alan-gds",
                            "members.3": "issyl0",
                            "members.4": "mrwilson",
                            "members.5": "philandstuff",
                            "members.6": "chrisholmes",
                            "members.7": "thomasalanlee",
                            "members.8": "mmhmm",
                            "members.9": "tlwr",
                            "name": "verify-tech-team-approvers",
                            "permission": "pull",
                            "privacy": "closed",
                            "slug": "verify-tech-team-approvers"
                        },
                        "meta": {},
                        "tainted": false
                    },
                    "deposed": [],
                    "provider": "provider.github"
                },
                "data.github_team.tech_team": {
                    "type": "github_team",
                    "depends_on": [],
                    "primary": {
                        "id": "2830432",
                        "attributes": {
                            "description": "Verify Tech Team",
                            "id": "2830432",
                            "members.#": "30",
                            "members.0": "idrop",
                            "members.1": "46bit",
                            "members.10": "kerrr",
                            "members.11": "zilnhoj",
                            "members.12": "Todai88",
                            "members.13": "robinmitra",
                            "members.14": "brenetic",
                            "members.15": "nacnudus",
                            "members.16": "CharlesIC",
                            "members.17": "jkunle",
                            "members.18": "sakisv",
                            "members.19": "stephengrier",
                            "members.2": "galund",
                            "members.20": "Rosa-Fox",
                            "members.21": "AnneCarr",
                            "members.22": "ida-build-bot",
                            "members.23": "chrisclayson",
                            "members.24": "smford",
                            "members.25": "blairboy362",
                            "members.26": "Wynndow",
                            "members.27": "andy-paine",
                            "members.28": "tomrosier",
                            "members.29": "bjgill",
                            "members.3": "issyl0",
                            "members.4": "mrwilson",
                            "members.5": "philandstuff",
                            "members.6": "chrisholmes",
                            "members.7": "thomasalanlee",
                            "members.8": "mmhmm",
                            "members.9": "tlwr",
                            "name": "verify-tech-team",
                            "permission": "pull",
                            "privacy": "closed",
                            "slug": "verify-tech-team"
                        },
                        "meta": {},
                        "tainted": false
                    },
                    "deposed": [],
                    "provider": "provider.github"
                },
                "github_team_membership.team_membership.0": {
                    "type": "github_team_membership",
                    "depends_on": [],
                    "primary": {
                        "id": "2826122:philandstuff",
                        "attributes": {
                            "etag": "W/\"a0f49a2d43f3a044497ee639b60eb00c\"",
                            "id": "2826122:philandstuff",
                            "role": "member",
                            "team_id": "2826122",
                            "username": "philandstuff"
                        },
                        "meta": {},
                        "tainted": false
                    },
                    "deposed": [],
                    "provider": "provider.github"
                },
                "github_team_membership.team_membership.1": {
                    "type": "github_team_membership",
                    "depends_on": [],
                    "primary": {
                        "id": "2826127:philandstuff",
                        "attributes": {
                            "etag": "W/\"16321bf83d144d557c595e9563cca4b0\"",
                            "id": "2826127:philandstuff",
                            "role": "member",
                            "team_id": "2826127",
                            "username": "philandstuff"
                        },
                        "meta": {},
                        "tainted": false
                    },
                    "deposed": [],
                    "provider": "provider.github"
                },
                "github_team_membership.tech_team_approver": {
                    "type": "github_team_membership",
                    "depends_on": [
                        "data.github_team.approvers_team"
                    ],
                    "primary": {
                        "id": "3101758:philandstuff",
                        "attributes": {
                            "etag": "W/\"4aa02014c6d26c09d6b8bacd773a083d\"",
                            "id": "3101758:philandstuff",
                            "role": "member",
                            "team_id": "3101758",
                            "username": "philandstuff"
                        },
                        "meta": {},
                        "tainted": false
                    },
                    "deposed": [],
                    "provider": "provider.github"
                }
            },
            "depends_on": []
        },
        {
            "path": [
                "root",
                "user_racinghippo"
            ],
            "outputs": {},
            "resources": {
                "data.github_team.approvers_team": {
                    "type": "github_team",
                    "depends_on": [],
                    "primary": {
                        "id": "3101758",
                        "attributes": {
                            "description": "Verify tech team: verify-tech-team-approvers",
                            "id": "3101758",
                            "members.#": "30",
                            "members.0": "idrop",
                            "members.1": "46bit",
                            "members.10": "kerrr",
                            "members.11": "robinmitra",
                            "members.12": "brenetic",
                            "members.13": "CharlesIC",
                            "members.14": "sakisv",
                            "members.15": "Rosa-Fox",
                            "members.16": "chrisclayson",
                            "members.17": "smford",
                            "members.18": "blairboy362",
                            "members.19": "Wynndow",
                            "members.2": "galund",
                            "members.20": "andy-paine",
                            "members.21": "tomrosier",
                            "members.22": "bjgill",
                            "members.23": "bravegrape",
                            "members.24": "jstandring-gds",
                            "members.25": "mhussein-gds",
                            "members.26": "adityapahuja",
                            "members.27": "rhowe-gds",
                            "members.28": "AmritSidhu",
                            "members.29": "alan-gds",
                            "members.3": "issyl0",
                            "members.4": "mrwilson",
                            "members.5": "philandstuff",
                            "members.6": "chrisholmes",
                            "members.7": "thomasalanlee",
                            "members.8": "mmhmm",
                            "members.9": "tlwr",
                            "name": "verify-tech-team-approvers",
                            "permission": "pull",
                            "privacy": "closed",
                            "slug": "verify-tech-team-approvers"
                        },
                        "meta": {},
                        "tainted": false
                    },
                    "deposed": [],
                    "provider": "provider.github"
                },
                "data.github_team.tech_team": {
                    "type": "github_team",
                    "depends_on": [],
                    "primary": {
                        "id": "2830432",
                        "attributes": {
                            "description": "Verify Tech Team",
                            "id": "2830432",
                            "members.#": "30",
                            "members.0": "idrop",
                            "members.1": "46bit",
                            "members.10": "kerrr",
                            "members.11": "zilnhoj",
                            "members.12": "Todai88",
                            "members.13": "robinmitra",
                            "members.14": "brenetic",
                            "members.15": "nacnudus",
                            "members.16": "CharlesIC",
                            "members.17": "jkunle",
                            "members.18": "sakisv",
                            "members.19": "stephengrier",
                            "members.2": "galund",
                            "members.20": "Rosa-Fox",
                            "members.21": "AnneCarr",
                            "members.22": "ida-build-bot",
                            "members.23": "chrisclayson",
                            "members.24": "smford",
                            "members.25": "blairboy362",
                            "members.26": "Wynndow",
                            "members.27": "andy-paine",
                            "members.28": "tomrosier",
                            "members.29": "bjgill",
                            "members.3": "issyl0",
                            "members.4": "mrwilson",
                            "members.5": "philandstuff",
                            "members.6": "chrisholmes",
                            "members.7": "thomasalanlee",
                            "members.8": "mmhmm",
                            "members.9": "tlwr",
                            "name": "verify-tech-team",
                            "permission": "pull",
                            "privacy": "closed",
                            "slug": "verify-tech-team"
                        },
                        "meta": {},
                        "tainted": false
                    },
                    "deposed": [],
                    "provider": "provider.github"
                },
                "github_team_membership.team_membership": {
                    "type": "github_team_membership",
                    "depends_on": [],
                    "primary": {
                        "id": "2826122:RacingHippo",
                        "attributes": {
                            "etag": "W/\"6e47974678275870143cda5dfd958c95\"",
                            "id": "2826122:RacingHippo",
                            "role": "member",
                            "team_id": "2826122",
                            "username": "RacingHippo"
                        },
                        "meta": {},
                        "tainted": false
                    },
                    "deposed": [],
                    "provider": "provider.github"
                }
            },
            "depends_on": []
        },
        {
            "path": [
                "root",
                "user_rhowe_gds"
            ],
            "outputs": {},
            "resources": {
                "data.github_team.approvers_team": {
                    "type": "github_team",
                    "depends_on": [],
                    "primary": {
                        "id": "3101758",
                        "attributes": {
                            "description": "Verify tech team: verify-tech-team-approvers",
                            "id": "3101758",
                            "members.#": "30",
                            "members.0": "idrop",
                            "members.1": "46bit",
                            "members.10": "kerrr",
                            "members.11": "robinmitra",
                            "members.12": "brenetic",
                            "members.13": "CharlesIC",
                            "members.14": "sakisv",
                            "members.15": "Rosa-Fox",
                            "members.16": "chrisclayson",
                            "members.17": "smford",
                            "members.18": "blairboy362",
                            "members.19": "Wynndow",
                            "members.2": "galund",
                            "members.20": "andy-paine",
                            "members.21": "tomrosier",
                            "members.22": "bjgill",
                            "members.23": "bravegrape",
                            "members.24": "jstandring-gds",
                            "members.25": "mhussein-gds",
                            "members.26": "adityapahuja",
                            "members.27": "rhowe-gds",
                            "members.28": "AmritSidhu",
                            "members.29": "alan-gds",
                            "members.3": "issyl0",
                            "members.4": "mrwilson",
                            "members.5": "philandstuff",
                            "members.6": "chrisholmes",
                            "members.7": "thomasalanlee",
                            "members.8": "mmhmm",
                            "members.9": "tlwr",
                            "name": "verify-tech-team-approvers",
                            "permission": "pull",
                            "privacy": "closed",
                            "slug": "verify-tech-team-approvers"
                        },
                        "meta": {},
                        "tainted": false
                    },
                    "deposed": [],
                    "provider": "provider.github"
                },
                "data.github_team.tech_team": {
                    "type": "github_team",
                    "depends_on": [],
                    "primary": {
                        "id": "2830432",
                        "attributes": {
                            "description": "Verify Tech Team",
                            "id": "2830432",
                            "members.#": "30",
                            "members.0": "idrop",
                            "members.1": "46bit",
                            "members.10": "kerrr",
                            "members.11": "zilnhoj",
                            "members.12": "Todai88",
                            "members.13": "robinmitra",
                            "members.14": "brenetic",
                            "members.15": "nacnudus",
                            "members.16": "CharlesIC",
                            "members.17": "jkunle",
                            "members.18": "sakisv",
                            "members.19": "stephengrier",
                            "members.2": "galund",
                            "members.20": "Rosa-Fox",
                            "members.21": "AnneCarr",
                            "members.22": "ida-build-bot",
                            "members.23": "chrisclayson",
                            "members.24": "smford",
                            "members.25": "blairboy362",
                            "members.26": "Wynndow",
                            "members.27": "andy-paine",
                            "members.28": "tomrosier",
                            "members.29": "bjgill",
                            "members.3": "issyl0",
                            "members.4": "mrwilson",
                            "members.5": "philandstuff",
                            "members.6": "chrisholmes",
                            "members.7": "thomasalanlee",
                            "members.8": "mmhmm",
                            "members.9": "tlwr",
                            "name": "verify-tech-team",
                            "permission": "pull",
                            "privacy": "closed",
                            "slug": "verify-tech-team"
                        },
                        "meta": {},
                        "tainted": false
                    },
                    "deposed": [],
                    "provider": "provider.github"
                },
                "github_team_membership.team_membership.0": {
                    "type": "github_team_membership",
                    "depends_on": [],
                    "primary": {
                        "id": "2826122:rhowe-gds",
                        "attributes": {
                            "etag": "W/\"7f95b6c44f88de8cc532e4306a022f68\"",
                            "id": "2826122:rhowe-gds",
                            "role": "member",
                            "team_id": "2826122",
                            "username": "rhowe-gds"
                        },
                        "meta": {},
                        "tainted": false
                    },
                    "deposed": [],
                    "provider": "provider.github"
                },
                "github_team_membership.team_membership.1": {
                    "type": "github_team_membership",
                    "depends_on": [],
                    "primary": {
                        "id": "2826127:rhowe-gds",
                        "attributes": {
                            "etag": "W/\"244892309939eae9affd8c3135d2ffc5\"",
                            "id": "2826127:rhowe-gds",
                            "role": "member",
                            "team_id": "2826127",
                            "username": "rhowe-gds"
                        },
                        "meta": {},
                        "tainted": false
                    },
                    "deposed": [],
                    "provider": "provider.github"
                },
                "github_team_membership.tech_team_approver": {
                    "type": "github_team_membership",
                    "depends_on": [
                        "data.github_team.approvers_team"
                    ],
                    "primary": {
                        "id": "3101758:rhowe-gds",
                        "attributes": {
                            "etag": "W/\"f9c4911c537dcf0e7deea664bd692926\"",
                            "id": "3101758:rhowe-gds",
                            "role": "member",
                            "team_id": "3101758",
                            "username": "rhowe-gds"
                        },
                        "meta": {},
                        "tainted": false
                    },
                    "deposed": [],
                    "provider": "provider.github"
                }
            },
            "depends_on": []
        },
        {
            "path": [
                "root",
                "user_robinmitra"
            ],
            "outputs": {},
            "resources": {
                "data.github_team.approvers_team": {
                    "type": "github_team",
                    "depends_on": [],
                    "primary": {
                        "id": "3101758",
                        "attributes": {
                            "description": "Verify tech team: verify-tech-team-approvers",
                            "id": "3101758",
                            "members.#": "30",
                            "members.0": "idrop",
                            "members.1": "46bit",
                            "members.10": "kerrr",
                            "members.11": "robinmitra",
                            "members.12": "brenetic",
                            "members.13": "CharlesIC",
                            "members.14": "sakisv",
                            "members.15": "Rosa-Fox",
                            "members.16": "chrisclayson",
                            "members.17": "smford",
                            "members.18": "blairboy362",
                            "members.19": "Wynndow",
                            "members.2": "galund",
                            "members.20": "andy-paine",
                            "members.21": "tomrosier",
                            "members.22": "bjgill",
                            "members.23": "bravegrape",
                            "members.24": "jstandring-gds",
                            "members.25": "mhussein-gds",
                            "members.26": "adityapahuja",
                            "members.27": "rhowe-gds",
                            "members.28": "AmritSidhu",
                            "members.29": "alan-gds",
                            "members.3": "issyl0",
                            "members.4": "mrwilson",
                            "members.5": "philandstuff",
                            "members.6": "chrisholmes",
                            "members.7": "thomasalanlee",
                            "members.8": "mmhmm",
                            "members.9": "tlwr",
                            "name": "verify-tech-team-approvers",
                            "permission": "pull",
                            "privacy": "closed",
                            "slug": "verify-tech-team-approvers"
                        },
                        "meta": {},
                        "tainted": false
                    },
                    "deposed": [],
                    "provider": "provider.github"
                },
                "data.github_team.tech_team": {
                    "type": "github_team",
                    "depends_on": [],
                    "primary": {
                        "id": "2830432",
                        "attributes": {
                            "description": "Verify Tech Team",
                            "id": "2830432",
                            "members.#": "30",
                            "members.0": "idrop",
                            "members.1": "46bit",
                            "members.10": "kerrr",
                            "members.11": "zilnhoj",
                            "members.12": "Todai88",
                            "members.13": "robinmitra",
                            "members.14": "brenetic",
                            "members.15": "nacnudus",
                            "members.16": "CharlesIC",
                            "members.17": "jkunle",
                            "members.18": "sakisv",
                            "members.19": "stephengrier",
                            "members.2": "galund",
                            "members.20": "Rosa-Fox",
                            "members.21": "AnneCarr",
                            "members.22": "ida-build-bot",
                            "members.23": "chrisclayson",
                            "members.24": "smford",
                            "members.25": "blairboy362",
                            "members.26": "Wynndow",
                            "members.27": "andy-paine",
                            "members.28": "tomrosier",
                            "members.29": "bjgill",
                            "members.3": "issyl0",
                            "members.4": "mrwilson",
                            "members.5": "philandstuff",
                            "members.6": "chrisholmes",
                            "members.7": "thomasalanlee",
                            "members.8": "mmhmm",
                            "members.9": "tlwr",
                            "name": "verify-tech-team",
                            "permission": "pull",
                            "privacy": "closed",
                            "slug": "verify-tech-team"
                        },
                        "meta": {},
                        "tainted": false
                    },
                    "deposed": [],
                    "provider": "provider.github"
                },
                "github_team_membership.team_membership": {
                    "type": "github_team_membership",
                    "depends_on": [],
                    "primary": {
                        "id": "2826122:robinmitra",
                        "attributes": {
                            "etag": "W/\"8536faa5a4a3a288f8bc6352d5dc3019\"",
                            "id": "2826122:robinmitra",
                            "role": "member",
                            "team_id": "2826122",
                            "username": "robinmitra"
                        },
                        "meta": {},
                        "tainted": false
                    },
                    "deposed": [],
                    "provider": "provider.github"
                },
                "github_team_membership.tech_team_approver": {
                    "type": "github_team_membership",
                    "depends_on": [
                        "data.github_team.approvers_team"
                    ],
                    "primary": {
                        "id": "3101758:robinmitra",
                        "attributes": {
                            "etag": "W/\"1518ee5267c83193e853e4f6295cf75e\"",
                            "id": "3101758:robinmitra",
                            "role": "member",
                            "team_id": "3101758",
                            "username": "robinmitra"
                        },
                        "meta": {},
                        "tainted": false
                    },
                    "deposed": [],
                    "provider": "provider.github"
                }
            },
            "depends_on": []
        },
        {
            "path": [
                "root",
                "user_ronocg"
            ],
            "outputs": {},
            "resources": {
                "data.github_team.approvers_team": {
                    "type": "github_team",
                    "depends_on": [],
                    "primary": {
                        "id": "3101758",
                        "attributes": {
                            "description": "Verify tech team: verify-tech-team-approvers",
                            "id": "3101758",
                            "members.#": "30",
                            "members.0": "idrop",
                            "members.1": "46bit",
                            "members.10": "kerrr",
                            "members.11": "robinmitra",
                            "members.12": "brenetic",
                            "members.13": "CharlesIC",
                            "members.14": "sakisv",
                            "members.15": "Rosa-Fox",
                            "members.16": "chrisclayson",
                            "members.17": "smford",
                            "members.18": "blairboy362",
                            "members.19": "Wynndow",
                            "members.2": "galund",
                            "members.20": "andy-paine",
                            "members.21": "tomrosier",
                            "members.22": "bjgill",
                            "members.23": "bravegrape",
                            "members.24": "jstandring-gds",
                            "members.25": "mhussein-gds",
                            "members.26": "adityapahuja",
                            "members.27": "rhowe-gds",
                            "members.28": "AmritSidhu",
                            "members.29": "alan-gds",
                            "members.3": "issyl0",
                            "members.4": "mrwilson",
                            "members.5": "philandstuff",
                            "members.6": "chrisholmes",
                            "members.7": "thomasalanlee",
                            "members.8": "mmhmm",
                            "members.9": "tlwr",
                            "name": "verify-tech-team-approvers",
                            "permission": "pull",
                            "privacy": "closed",
                            "slug": "verify-tech-team-approvers"
                        },
                        "meta": {},
                        "tainted": false
                    },
                    "deposed": [],
                    "provider": "provider.github"
                },
                "data.github_team.tech_team": {
                    "type": "github_team",
                    "depends_on": [],
                    "primary": {
                        "id": "2830432",
                        "attributes": {
                            "description": "Verify Tech Team",
                            "id": "2830432",
                            "members.#": "30",
                            "members.0": "idrop",
                            "members.1": "46bit",
                            "members.10": "kerrr",
                            "members.11": "zilnhoj",
                            "members.12": "Todai88",
                            "members.13": "robinmitra",
                            "members.14": "brenetic",
                            "members.15": "nacnudus",
                            "members.16": "CharlesIC",
                            "members.17": "jkunle",
                            "members.18": "sakisv",
                            "members.19": "stephengrier",
                            "members.2": "galund",
                            "members.20": "Rosa-Fox",
                            "members.21": "AnneCarr",
                            "members.22": "ida-build-bot",
                            "members.23": "chrisclayson",
                            "members.24": "smford",
                            "members.25": "blairboy362",
                            "members.26": "Wynndow",
                            "members.27": "andy-paine",
                            "members.28": "tomrosier",
                            "members.29": "bjgill",
                            "members.3": "issyl0",
                            "members.4": "mrwilson",
                            "members.5": "philandstuff",
                            "members.6": "chrisholmes",
                            "members.7": "thomasalanlee",
                            "members.8": "mmhmm",
                            "members.9": "tlwr",
                            "name": "verify-tech-team",
                            "permission": "pull",
                            "privacy": "closed",
                            "slug": "verify-tech-team"
                        },
                        "meta": {},
                        "tainted": false
                    },
                    "deposed": [],
                    "provider": "provider.github"
                },
                "github_team_membership.team_membership": {
                    "type": "github_team_membership",
                    "depends_on": [],
                    "primary": {
                        "id": "2826122:ronocg",
                        "attributes": {
                            "etag": "W/\"8dccf9f08b458ecb5726f98579c2d185\"",
                            "id": "2826122:ronocg",
                            "role": "member",
                            "team_id": "2826122",
                            "username": "ronocg"
                        },
                        "meta": {},
                        "tainted": false
                    },
                    "deposed": [],
                    "provider": "provider.github"
                },
                "github_team_membership.tech_team_approver": {
                    "type": "github_team_membership",
                    "depends_on": [
                        "data.github_team.approvers_team"
                    ],
                    "primary": {
                        "id": "3101758:ronocg",
                        "attributes": {
                            "etag": "W/\"6385dc0c2c71c1c7e2aa6c70522686fd\"",
                            "id": "3101758:ronocg",
                            "role": "member",
                            "team_id": "3101758",
                            "username": "ronocg"
                        },
                        "meta": {},
                        "tainted": false
                    },
                    "deposed": [],
                    "provider": "provider.github"
                }
            },
            "depends_on": []
        },
        {
            "path": [
                "root",
                "user_rosa_fox"
            ],
            "outputs": {},
            "resources": {
                "data.github_team.approvers_team": {
                    "type": "github_team",
                    "depends_on": [],
                    "primary": {
                        "id": "3101758",
                        "attributes": {
                            "description": "Verify tech team: verify-tech-team-approvers",
                            "id": "3101758",
                            "members.#": "30",
                            "members.0": "idrop",
                            "members.1": "46bit",
                            "members.10": "kerrr",
                            "members.11": "robinmitra",
                            "members.12": "brenetic",
                            "members.13": "CharlesIC",
                            "members.14": "sakisv",
                            "members.15": "Rosa-Fox",
                            "members.16": "chrisclayson",
                            "members.17": "smford",
                            "members.18": "blairboy362",
                            "members.19": "Wynndow",
                            "members.2": "galund",
                            "members.20": "andy-paine",
                            "members.21": "tomrosier",
                            "members.22": "bjgill",
                            "members.23": "bravegrape",
                            "members.24": "jstandring-gds",
                            "members.25": "mhussein-gds",
                            "members.26": "adityapahuja",
                            "members.27": "rhowe-gds",
                            "members.28": "AmritSidhu",
                            "members.29": "alan-gds",
                            "members.3": "issyl0",
                            "members.4": "mrwilson",
                            "members.5": "philandstuff",
                            "members.6": "chrisholmes",
                            "members.7": "thomasalanlee",
                            "members.8": "mmhmm",
                            "members.9": "tlwr",
                            "name": "verify-tech-team-approvers",
                            "permission": "pull",
                            "privacy": "closed",
                            "slug": "verify-tech-team-approvers"
                        },
                        "meta": {},
                        "tainted": false
                    },
                    "deposed": [],
                    "provider": "provider.github"
                },
                "data.github_team.tech_team": {
                    "type": "github_team",
                    "depends_on": [],
                    "primary": {
                        "id": "2830432",
                        "attributes": {
                            "description": "Verify Tech Team",
                            "id": "2830432",
                            "members.#": "30",
                            "members.0": "idrop",
                            "members.1": "46bit",
                            "members.10": "kerrr",
                            "members.11": "zilnhoj",
                            "members.12": "Todai88",
                            "members.13": "robinmitra",
                            "members.14": "brenetic",
                            "members.15": "nacnudus",
                            "members.16": "CharlesIC",
                            "members.17": "jkunle",
                            "members.18": "sakisv",
                            "members.19": "stephengrier",
                            "members.2": "galund",
                            "members.20": "Rosa-Fox",
                            "members.21": "AnneCarr",
                            "members.22": "ida-build-bot",
                            "members.23": "chrisclayson",
                            "members.24": "smford",
                            "members.25": "blairboy362",
                            "members.26": "Wynndow",
                            "members.27": "andy-paine",
                            "members.28": "tomrosier",
                            "members.29": "bjgill",
                            "members.3": "issyl0",
                            "members.4": "mrwilson",
                            "members.5": "philandstuff",
                            "members.6": "chrisholmes",
                            "members.7": "thomasalanlee",
                            "members.8": "mmhmm",
                            "members.9": "tlwr",
                            "name": "verify-tech-team",
                            "permission": "pull",
                            "privacy": "closed",
                            "slug": "verify-tech-team"
                        },
                        "meta": {},
                        "tainted": false
                    },
                    "deposed": [],
                    "provider": "provider.github"
                },
                "github_team_membership.team_membership": {
                    "type": "github_team_membership",
                    "depends_on": [],
                    "primary": {
                        "id": "2826122:Rosa-Fox",
                        "attributes": {
                            "etag": "W/\"b24f14bd18eed0944d0135bade124b99\"",
                            "id": "2826122:Rosa-Fox",
                            "role": "member",
                            "team_id": "2826122",
                            "username": "Rosa-Fox"
                        },
                        "meta": {},
                        "tainted": false
                    },
                    "deposed": [],
                    "provider": "provider.github"
                },
                "github_team_membership.tech_team_approver": {
                    "type": "github_team_membership",
                    "depends_on": [
                        "data.github_team.approvers_team"
                    ],
                    "primary": {
                        "id": "3101758:Rosa-Fox",
                        "attributes": {
                            "etag": "W/\"6ee5c19142405a960e15506270aac601\"",
                            "id": "3101758:Rosa-Fox",
                            "role": "member",
                            "team_id": "3101758",
                            "username": "Rosa-Fox"
                        },
                        "meta": {},
                        "tainted": false
                    },
                    "deposed": [],
                    "provider": "provider.github"
                }
            },
            "depends_on": []
        },
        {
            "path": [
                "root",
                "user_sakisv"
            ],
            "outputs": {},
            "resources": {
                "data.github_team.approvers_team": {
                    "type": "github_team",
                    "depends_on": [],
                    "primary": {
                        "id": "3101758",
                        "attributes": {
                            "description": "Verify tech team: verify-tech-team-approvers",
                            "id": "3101758",
                            "members.#": "30",
                            "members.0": "idrop",
                            "members.1": "46bit",
                            "members.10": "kerrr",
                            "members.11": "robinmitra",
                            "members.12": "brenetic",
                            "members.13": "CharlesIC",
                            "members.14": "sakisv",
                            "members.15": "Rosa-Fox",
                            "members.16": "chrisclayson",
                            "members.17": "smford",
                            "members.18": "blairboy362",
                            "members.19": "Wynndow",
                            "members.2": "galund",
                            "members.20": "andy-paine",
                            "members.21": "tomrosier",
                            "members.22": "bjgill",
                            "members.23": "bravegrape",
                            "members.24": "jstandring-gds",
                            "members.25": "mhussein-gds",
                            "members.26": "adityapahuja",
                            "members.27": "rhowe-gds",
                            "members.28": "AmritSidhu",
                            "members.29": "alan-gds",
                            "members.3": "issyl0",
                            "members.4": "mrwilson",
                            "members.5": "philandstuff",
                            "members.6": "chrisholmes",
                            "members.7": "thomasalanlee",
                            "members.8": "mmhmm",
                            "members.9": "tlwr",
                            "name": "verify-tech-team-approvers",
                            "permission": "pull",
                            "privacy": "closed",
                            "slug": "verify-tech-team-approvers"
                        },
                        "meta": {},
                        "tainted": false
                    },
                    "deposed": [],
                    "provider": "provider.github"
                },
                "data.github_team.tech_team": {
                    "type": "github_team",
                    "depends_on": [],
                    "primary": {
                        "id": "2830432",
                        "attributes": {
                            "description": "Verify Tech Team",
                            "id": "2830432",
                            "members.#": "30",
                            "members.0": "idrop",
                            "members.1": "46bit",
                            "members.10": "kerrr",
                            "members.11": "zilnhoj",
                            "members.12": "Todai88",
                            "members.13": "robinmitra",
                            "members.14": "brenetic",
                            "members.15": "nacnudus",
                            "members.16": "CharlesIC",
                            "members.17": "jkunle",
                            "members.18": "sakisv",
                            "members.19": "stephengrier",
                            "members.2": "galund",
                            "members.20": "Rosa-Fox",
                            "members.21": "AnneCarr",
                            "members.22": "ida-build-bot",
                            "members.23": "chrisclayson",
                            "members.24": "smford",
                            "members.25": "blairboy362",
                            "members.26": "Wynndow",
                            "members.27": "andy-paine",
                            "members.28": "tomrosier",
                            "members.29": "bjgill",
                            "members.3": "issyl0",
                            "members.4": "mrwilson",
                            "members.5": "philandstuff",
                            "members.6": "chrisholmes",
                            "members.7": "thomasalanlee",
                            "members.8": "mmhmm",
                            "members.9": "tlwr",
                            "name": "verify-tech-team",
                            "permission": "pull",
                            "privacy": "closed",
                            "slug": "verify-tech-team"
                        },
                        "meta": {},
                        "tainted": false
                    },
                    "deposed": [],
                    "provider": "provider.github"
                },
                "github_team_membership.team_membership.0": {
                    "type": "github_team_membership",
                    "depends_on": [],
                    "primary": {
                        "id": "2826122:sakisv",
                        "attributes": {
                            "etag": "W/\"a363cc480474adabb570209feae5eaa0\"",
                            "id": "2826122:sakisv",
                            "role": "member",
                            "team_id": "2826122",
                            "username": "sakisv"
                        },
                        "meta": {},
                        "tainted": false
                    },
                    "deposed": [],
                    "provider": "provider.github"
                },
                "github_team_membership.team_membership.1": {
                    "type": "github_team_membership",
                    "depends_on": [],
                    "primary": {
                        "id": "2826127:sakisv",
                        "attributes": {
                            "etag": "W/\"2d72366e8af7a82ac9da084d74cf5999\"",
                            "id": "2826127:sakisv",
                            "role": "member",
                            "team_id": "2826127",
                            "username": "sakisv"
                        },
                        "meta": {},
                        "tainted": false
                    },
                    "deposed": [],
                    "provider": "provider.github"
                },
                "github_team_membership.tech_team_approver": {
                    "type": "github_team_membership",
                    "depends_on": [
                        "data.github_team.approvers_team"
                    ],
                    "primary": {
                        "id": "3101758:sakisv",
                        "attributes": {
                            "etag": "W/\"52d15c8dd97dc0c4581477ce622e36b0\"",
                            "id": "3101758:sakisv",
                            "role": "member",
                            "team_id": "3101758",
                            "username": "sakisv"
                        },
                        "meta": {},
                        "tainted": false
                    },
                    "deposed": [],
                    "provider": "provider.github"
                }
            },
            "depends_on": []
        },
        {
            "path": [
                "root",
                "user_sarahdean"
            ],
            "outputs": {},
            "resources": {
                "data.github_team.approvers_team": {
                    "type": "github_team",
                    "depends_on": [],
                    "primary": {
                        "id": "3101758",
                        "attributes": {
                            "description": "Verify tech team: verify-tech-team-approvers",
                            "id": "3101758",
                            "members.#": "30",
                            "members.0": "idrop",
                            "members.1": "46bit",
                            "members.10": "kerrr",
                            "members.11": "robinmitra",
                            "members.12": "brenetic",
                            "members.13": "CharlesIC",
                            "members.14": "sakisv",
                            "members.15": "Rosa-Fox",
                            "members.16": "chrisclayson",
                            "members.17": "smford",
                            "members.18": "blairboy362",
                            "members.19": "Wynndow",
                            "members.2": "galund",
                            "members.20": "andy-paine",
                            "members.21": "tomrosier",
                            "members.22": "bjgill",
                            "members.23": "bravegrape",
                            "members.24": "jstandring-gds",
                            "members.25": "mhussein-gds",
                            "members.26": "adityapahuja",
                            "members.27": "rhowe-gds",
                            "members.28": "AmritSidhu",
                            "members.29": "alan-gds",
                            "members.3": "issyl0",
                            "members.4": "mrwilson",
                            "members.5": "philandstuff",
                            "members.6": "chrisholmes",
                            "members.7": "thomasalanlee",
                            "members.8": "mmhmm",
                            "members.9": "tlwr",
                            "name": "verify-tech-team-approvers",
                            "permission": "pull",
                            "privacy": "closed",
                            "slug": "verify-tech-team-approvers"
                        },
                        "meta": {},
                        "tainted": false
                    },
                    "deposed": [],
                    "provider": "provider.github"
                },
                "data.github_team.tech_team": {
                    "type": "github_team",
                    "depends_on": [],
                    "primary": {
                        "id": "2830432",
                        "attributes": {
                            "description": "Verify Tech Team",
                            "id": "2830432",
                            "members.#": "30",
                            "members.0": "idrop",
                            "members.1": "46bit",
                            "members.10": "kerrr",
                            "members.11": "zilnhoj",
                            "members.12": "Todai88",
                            "members.13": "robinmitra",
                            "members.14": "brenetic",
                            "members.15": "nacnudus",
                            "members.16": "CharlesIC",
                            "members.17": "jkunle",
                            "members.18": "sakisv",
                            "members.19": "stephengrier",
                            "members.2": "galund",
                            "members.20": "Rosa-Fox",
                            "members.21": "AnneCarr",
                            "members.22": "ida-build-bot",
                            "members.23": "chrisclayson",
                            "members.24": "smford",
                            "members.25": "blairboy362",
                            "members.26": "Wynndow",
                            "members.27": "andy-paine",
                            "members.28": "tomrosier",
                            "members.29": "bjgill",
                            "members.3": "issyl0",
                            "members.4": "mrwilson",
                            "members.5": "philandstuff",
                            "members.6": "chrisholmes",
                            "members.7": "thomasalanlee",
                            "members.8": "mmhmm",
                            "members.9": "tlwr",
                            "name": "verify-tech-team",
                            "permission": "pull",
                            "privacy": "closed",
                            "slug": "verify-tech-team"
                        },
                        "meta": {},
                        "tainted": false
                    },
                    "deposed": [],
                    "provider": "provider.github"
                },
                "github_team_membership.team_membership": {
                    "type": "github_team_membership",
                    "depends_on": [],
                    "primary": {
                        "id": "2826122:sarah-dean",
                        "attributes": {
                            "etag": "W/\"8e20749a746e0551f3f847e0a8b87ba2\"",
                            "id": "2826122:sarah-dean",
                            "role": "member",
                            "team_id": "2826122",
                            "username": "sarah-dean"
                        },
                        "meta": {},
                        "tainted": false
                    },
                    "deposed": [],
                    "provider": "provider.github"
                }
            },
            "depends_on": []
        },
        {
            "path": [
                "root",
                "user_smford"
            ],
            "outputs": {},
            "resources": {
                "data.github_team.approvers_team": {
                    "type": "github_team",
                    "depends_on": [],
                    "primary": {
                        "id": "3101758",
                        "attributes": {
                            "description": "Verify tech team: verify-tech-team-approvers",
                            "id": "3101758",
                            "members.#": "30",
                            "members.0": "idrop",
                            "members.1": "46bit",
                            "members.10": "kerrr",
                            "members.11": "robinmitra",
                            "members.12": "brenetic",
                            "members.13": "CharlesIC",
                            "members.14": "sakisv",
                            "members.15": "Rosa-Fox",
                            "members.16": "chrisclayson",
                            "members.17": "smford",
                            "members.18": "blairboy362",
                            "members.19": "Wynndow",
                            "members.2": "galund",
                            "members.20": "andy-paine",
                            "members.21": "tomrosier",
                            "members.22": "bjgill",
                            "members.23": "bravegrape",
                            "members.24": "jstandring-gds",
                            "members.25": "mhussein-gds",
                            "members.26": "adityapahuja",
                            "members.27": "rhowe-gds",
                            "members.28": "AmritSidhu",
                            "members.29": "alan-gds",
                            "members.3": "issyl0",
                            "members.4": "mrwilson",
                            "members.5": "philandstuff",
                            "members.6": "chrisholmes",
                            "members.7": "thomasalanlee",
                            "members.8": "mmhmm",
                            "members.9": "tlwr",
                            "name": "verify-tech-team-approvers",
                            "permission": "pull",
                            "privacy": "closed",
                            "slug": "verify-tech-team-approvers"
                        },
                        "meta": {},
                        "tainted": false
                    },
                    "deposed": [],
                    "provider": "provider.github"
                },
                "data.github_team.tech_team": {
                    "type": "github_team",
                    "depends_on": [],
                    "primary": {
                        "id": "2830432",
                        "attributes": {
                            "description": "Verify Tech Team",
                            "id": "2830432",
                            "members.#": "30",
                            "members.0": "idrop",
                            "members.1": "46bit",
                            "members.10": "kerrr",
                            "members.11": "zilnhoj",
                            "members.12": "Todai88",
                            "members.13": "robinmitra",
                            "members.14": "brenetic",
                            "members.15": "nacnudus",
                            "members.16": "CharlesIC",
                            "members.17": "jkunle",
                            "members.18": "sakisv",
                            "members.19": "stephengrier",
                            "members.2": "galund",
                            "members.20": "Rosa-Fox",
                            "members.21": "AnneCarr",
                            "members.22": "ida-build-bot",
                            "members.23": "chrisclayson",
                            "members.24": "smford",
                            "members.25": "blairboy362",
                            "members.26": "Wynndow",
                            "members.27": "andy-paine",
                            "members.28": "tomrosier",
                            "members.29": "bjgill",
                            "members.3": "issyl0",
                            "members.4": "mrwilson",
                            "members.5": "philandstuff",
                            "members.6": "chrisholmes",
                            "members.7": "thomasalanlee",
                            "members.8": "mmhmm",
                            "members.9": "tlwr",
                            "name": "verify-tech-team",
                            "permission": "pull",
                            "privacy": "closed",
                            "slug": "verify-tech-team"
                        },
                        "meta": {},
                        "tainted": false
                    },
                    "deposed": [],
                    "provider": "provider.github"
                },
                "github_team_membership.team_membership": {
                    "type": "github_team_membership",
                    "depends_on": [],
                    "primary": {
                        "id": "2826127:smford",
                        "attributes": {
                            "etag": "W/\"685bf0d700a5978e305743a5f0575ac3\"",
                            "id": "2826127:smford",
                            "role": "member",
                            "team_id": "2826127",
                            "username": "smford"
                        },
                        "meta": {},
                        "tainted": false
                    },
                    "deposed": [],
                    "provider": "provider.github"
                },
                "github_team_membership.tech_team_approver": {
                    "type": "github_team_membership",
                    "depends_on": [
                        "data.github_team.approvers_team"
                    ],
                    "primary": {
                        "id": "3101758:smford",
                        "attributes": {
                            "etag": "W/\"4a2148cb7a33e7b07c7d6ef5d5546565\"",
                            "id": "3101758:smford",
                            "role": "member",
                            "team_id": "3101758",
                            "username": "smford"
                        },
                        "meta": {},
                        "tainted": false
                    },
                    "deposed": [],
                    "provider": "provider.github"
                }
            },
            "depends_on": []
        },
        {
            "path": [
                "root",
                "user_szd55gds"
            ],
            "outputs": {},
            "resources": {
                "data.github_team.approvers_team": {
                    "type": "github_team",
                    "depends_on": [],
                    "primary": {
                        "id": "3101758",
                        "attributes": {
                            "description": "Verify tech team: verify-tech-team-approvers",
                            "id": "3101758",
                            "members.#": "30",
                            "members.0": "idrop",
                            "members.1": "46bit",
                            "members.10": "kerrr",
                            "members.11": "robinmitra",
                            "members.12": "brenetic",
                            "members.13": "CharlesIC",
                            "members.14": "sakisv",
                            "members.15": "Rosa-Fox",
                            "members.16": "chrisclayson",
                            "members.17": "smford",
                            "members.18": "blairboy362",
                            "members.19": "Wynndow",
                            "members.2": "galund",
                            "members.20": "andy-paine",
                            "members.21": "tomrosier",
                            "members.22": "bjgill",
                            "members.23": "bravegrape",
                            "members.24": "jstandring-gds",
                            "members.25": "mhussein-gds",
                            "members.26": "adityapahuja",
                            "members.27": "rhowe-gds",
                            "members.28": "AmritSidhu",
                            "members.29": "alan-gds",
                            "members.3": "issyl0",
                            "members.4": "mrwilson",
                            "members.5": "philandstuff",
                            "members.6": "chrisholmes",
                            "members.7": "thomasalanlee",
                            "members.8": "mmhmm",
                            "members.9": "tlwr",
                            "name": "verify-tech-team-approvers",
                            "permission": "pull",
                            "privacy": "closed",
                            "slug": "verify-tech-team-approvers"
                        },
                        "meta": {},
                        "tainted": false
                    },
                    "deposed": [],
                    "provider": "provider.github"
                },
                "data.github_team.tech_team": {
                    "type": "github_team",
                    "depends_on": [],
                    "primary": {
                        "id": "2830432",
                        "attributes": {
                            "description": "Verify Tech Team",
                            "id": "2830432",
                            "members.#": "30",
                            "members.0": "idrop",
                            "members.1": "46bit",
                            "members.10": "kerrr",
                            "members.11": "zilnhoj",
                            "members.12": "Todai88",
                            "members.13": "robinmitra",
                            "members.14": "brenetic",
                            "members.15": "nacnudus",
                            "members.16": "CharlesIC",
                            "members.17": "jkunle",
                            "members.18": "sakisv",
                            "members.19": "stephengrier",
                            "members.2": "galund",
                            "members.20": "Rosa-Fox",
                            "members.21": "AnneCarr",
                            "members.22": "ida-build-bot",
                            "members.23": "chrisclayson",
                            "members.24": "smford",
                            "members.25": "blairboy362",
                            "members.26": "Wynndow",
                            "members.27": "andy-paine",
                            "members.28": "tomrosier",
                            "members.29": "bjgill",
                            "members.3": "issyl0",
                            "members.4": "mrwilson",
                            "members.5": "philandstuff",
                            "members.6": "chrisholmes",
                            "members.7": "thomasalanlee",
                            "members.8": "mmhmm",
                            "members.9": "tlwr",
                            "name": "verify-tech-team",
                            "permission": "pull",
                            "privacy": "closed",
                            "slug": "verify-tech-team"
                        },
                        "meta": {},
                        "tainted": false
                    },
                    "deposed": [],
                    "provider": "provider.github"
                },
                "github_team_membership.team_membership": {
                    "type": "github_team_membership",
                    "depends_on": [],
                    "primary": {
                        "id": "2826127:szd55gds",
                        "attributes": {
                            "etag": "W/\"11e32ddc761248cb2df5259a4e3167c3\"",
                            "id": "2826127:szd55gds",
                            "role": "member",
                            "team_id": "2826127",
                            "username": "szd55gds"
                        },
                        "meta": {},
                        "tainted": false
                    },
                    "deposed": [],
                    "provider": "provider.github"
                },
                "github_team_membership.tech_team_approver": {
                    "type": "github_team_membership",
                    "depends_on": [
                        "data.github_team.approvers_team"
                    ],
                    "primary": {
                        "id": "3101758:szd55gds",
                        "attributes": {
                            "etag": "W/\"2b3ecf021a871aa322308ad74426e549\"",
                            "id": "3101758:szd55gds",
                            "role": "member",
                            "team_id": "3101758",
                            "username": "szd55gds"
                        },
                        "meta": {},
                        "tainted": false
                    },
                    "deposed": [],
                    "provider": "provider.github"
                }
            },
            "depends_on": []
        },
        {
            "path": [
                "root",
                "user_thomasalanlee"
            ],
            "outputs": {},
            "resources": {
                "data.github_team.approvers_team": {
                    "type": "github_team",
                    "depends_on": [],
                    "primary": {
                        "id": "3101758",
                        "attributes": {
                            "description": "Verify tech team: verify-tech-team-approvers",
                            "id": "3101758",
                            "members.#": "30",
                            "members.0": "idrop",
                            "members.1": "46bit",
                            "members.10": "kerrr",
                            "members.11": "robinmitra",
                            "members.12": "brenetic",
                            "members.13": "CharlesIC",
                            "members.14": "sakisv",
                            "members.15": "Rosa-Fox",
                            "members.16": "chrisclayson",
                            "members.17": "smford",
                            "members.18": "blairboy362",
                            "members.19": "Wynndow",
                            "members.2": "galund",
                            "members.20": "andy-paine",
                            "members.21": "tomrosier",
                            "members.22": "bjgill",
                            "members.23": "bravegrape",
                            "members.24": "jstandring-gds",
                            "members.25": "mhussein-gds",
                            "members.26": "adityapahuja",
                            "members.27": "rhowe-gds",
                            "members.28": "AmritSidhu",
                            "members.29": "alan-gds",
                            "members.3": "issyl0",
                            "members.4": "mrwilson",
                            "members.5": "philandstuff",
                            "members.6": "chrisholmes",
                            "members.7": "thomasalanlee",
                            "members.8": "mmhmm",
                            "members.9": "tlwr",
                            "name": "verify-tech-team-approvers",
                            "permission": "pull",
                            "privacy": "closed",
                            "slug": "verify-tech-team-approvers"
                        },
                        "meta": {},
                        "tainted": false
                    },
                    "deposed": [],
                    "provider": "provider.github"
                },
                "data.github_team.tech_team": {
                    "type": "github_team",
                    "depends_on": [],
                    "primary": {
                        "id": "2830432",
                        "attributes": {
                            "description": "Verify Tech Team",
                            "id": "2830432",
                            "members.#": "30",
                            "members.0": "idrop",
                            "members.1": "46bit",
                            "members.10": "kerrr",
                            "members.11": "zilnhoj",
                            "members.12": "Todai88",
                            "members.13": "robinmitra",
                            "members.14": "brenetic",
                            "members.15": "nacnudus",
                            "members.16": "CharlesIC",
                            "members.17": "jkunle",
                            "members.18": "sakisv",
                            "members.19": "stephengrier",
                            "members.2": "galund",
                            "members.20": "Rosa-Fox",
                            "members.21": "AnneCarr",
                            "members.22": "ida-build-bot",
                            "members.23": "chrisclayson",
                            "members.24": "smford",
                            "members.25": "blairboy362",
                            "members.26": "Wynndow",
                            "members.27": "andy-paine",
                            "members.28": "tomrosier",
                            "members.29": "bjgill",
                            "members.3": "issyl0",
                            "members.4": "mrwilson",
                            "members.5": "philandstuff",
                            "members.6": "chrisholmes",
                            "members.7": "thomasalanlee",
                            "members.8": "mmhmm",
                            "members.9": "tlwr",
                            "name": "verify-tech-team",
                            "permission": "pull",
                            "privacy": "closed",
                            "slug": "verify-tech-team"
                        },
                        "meta": {},
                        "tainted": false
                    },
                    "deposed": [],
                    "provider": "provider.github"
                },
                "github_team_membership.team_membership.0": {
                    "type": "github_team_membership",
                    "depends_on": [],
                    "primary": {
                        "id": "2826122:thomasalanlee",
                        "attributes": {
                            "etag": "W/\"0d0b3c7ad472e43e072745d06e388932\"",
                            "id": "2826122:thomasalanlee",
                            "role": "maintainer",
                            "team_id": "2826122",
                            "username": "thomasalanlee"
                        },
                        "meta": {},
                        "tainted": false
                    },
                    "deposed": [],
                    "provider": "provider.github"
                },
                "github_team_membership.team_membership.1": {
                    "type": "github_team_membership",
                    "depends_on": [],
                    "primary": {
                        "id": "2826126:thomasalanlee",
                        "attributes": {
                            "etag": "W/\"579fe62bc8b686dbada99222b1e40ea4\"",
                            "id": "2826126:thomasalanlee",
                            "role": "maintainer",
                            "team_id": "2826126",
                            "username": "thomasalanlee"
                        },
                        "meta": {},
                        "tainted": false
                    },
                    "deposed": [],
                    "provider": "provider.github"
                },
                "github_team_membership.team_membership.2": {
                    "type": "github_team_membership",
                    "depends_on": [],
                    "primary": {
                        "id": "2826127:thomasalanlee",
                        "attributes": {
                            "etag": "W/\"eedfd9b183b9a26ce9d04b0e136195ca\"",
                            "id": "2826127:thomasalanlee",
                            "role": "maintainer",
                            "team_id": "2826127",
                            "username": "thomasalanlee"
                        },
                        "meta": {},
                        "tainted": false
                    },
                    "deposed": [],
                    "provider": "provider.github"
                },
                "github_team_membership.tech_team_approver": {
                    "type": "github_team_membership",
                    "depends_on": [
                        "data.github_team.approvers_team"
                    ],
                    "primary": {
                        "id": "3101758:thomasalanlee",
                        "attributes": {
                            "etag": "W/\"a059252c9e18989df769b7190b3f25db\"",
                            "id": "3101758:thomasalanlee",
                            "role": "member",
                            "team_id": "3101758",
                            "username": "thomasalanlee"
                        },
                        "meta": {},
                        "tainted": false
                    },
                    "deposed": [],
                    "provider": "provider.github"
                },
                "github_team_membership.tech_team_maintainer": {
                    "type": "github_team_membership",
                    "depends_on": [
                        "data.github_team.tech_team"
                    ],
                    "primary": {
                        "id": "2830432:thomasalanlee",
                        "attributes": {
                            "etag": "W/\"cefa37e30cac1660469ad951169ae478\"",
                            "id": "2830432:thomasalanlee",
                            "role": "maintainer",
                            "team_id": "2830432",
                            "username": "thomasalanlee"
                        },
                        "meta": {},
                        "tainted": false
                    },
                    "deposed": [],
                    "provider": "provider.github"
                }
            },
            "depends_on": []
        },
        {
            "path": [
                "root",
                "user_tlwr"
            ],
            "outputs": {},
            "resources": {
                "data.github_team.approvers_team": {
                    "type": "github_team",
                    "depends_on": [],
                    "primary": {
                        "id": "3101758",
                        "attributes": {
                            "description": "Verify tech team: verify-tech-team-approvers",
                            "id": "3101758",
                            "members.#": "30",
                            "members.0": "idrop",
                            "members.1": "46bit",
                            "members.10": "kerrr",
                            "members.11": "robinmitra",
                            "members.12": "brenetic",
                            "members.13": "CharlesIC",
                            "members.14": "sakisv",
                            "members.15": "Rosa-Fox",
                            "members.16": "chrisclayson",
                            "members.17": "smford",
                            "members.18": "blairboy362",
                            "members.19": "Wynndow",
                            "members.2": "galund",
                            "members.20": "andy-paine",
                            "members.21": "tomrosier",
                            "members.22": "bjgill",
                            "members.23": "bravegrape",
                            "members.24": "jstandring-gds",
                            "members.25": "mhussein-gds",
                            "members.26": "adityapahuja",
                            "members.27": "rhowe-gds",
                            "members.28": "AmritSidhu",
                            "members.29": "alan-gds",
                            "members.3": "issyl0",
                            "members.4": "mrwilson",
                            "members.5": "philandstuff",
                            "members.6": "chrisholmes",
                            "members.7": "thomasalanlee",
                            "members.8": "mmhmm",
                            "members.9": "tlwr",
                            "name": "verify-tech-team-approvers",
                            "permission": "pull",
                            "privacy": "closed",
                            "slug": "verify-tech-team-approvers"
                        },
                        "meta": {},
                        "tainted": false
                    },
                    "deposed": [],
                    "provider": "provider.github"
                },
                "data.github_team.tech_team": {
                    "type": "github_team",
                    "depends_on": [],
                    "primary": {
                        "id": "2830432",
                        "attributes": {
                            "description": "Verify Tech Team",
                            "id": "2830432",
                            "members.#": "30",
                            "members.0": "idrop",
                            "members.1": "46bit",
                            "members.10": "kerrr",
                            "members.11": "zilnhoj",
                            "members.12": "Todai88",
                            "members.13": "robinmitra",
                            "members.14": "brenetic",
                            "members.15": "nacnudus",
                            "members.16": "CharlesIC",
                            "members.17": "jkunle",
                            "members.18": "sakisv",
                            "members.19": "stephengrier",
                            "members.2": "galund",
                            "members.20": "Rosa-Fox",
                            "members.21": "AnneCarr",
                            "members.22": "ida-build-bot",
                            "members.23": "chrisclayson",
                            "members.24": "smford",
                            "members.25": "blairboy362",
                            "members.26": "Wynndow",
                            "members.27": "andy-paine",
                            "members.28": "tomrosier",
                            "members.29": "bjgill",
                            "members.3": "issyl0",
                            "members.4": "mrwilson",
                            "members.5": "philandstuff",
                            "members.6": "chrisholmes",
                            "members.7": "thomasalanlee",
                            "members.8": "mmhmm",
                            "members.9": "tlwr",
                            "name": "verify-tech-team",
                            "permission": "pull",
                            "privacy": "closed",
                            "slug": "verify-tech-team"
                        },
                        "meta": {},
                        "tainted": false
                    },
                    "deposed": [],
                    "provider": "provider.github"
                },
                "github_team_membership.team_membership.0": {
                    "type": "github_team_membership",
                    "depends_on": [],
                    "primary": {
                        "id": "2826122:tlwr",
                        "attributes": {
                            "etag": "W/\"50965cc6e9de02a9a15dce9921dd7ddb\"",
                            "id": "2826122:tlwr",
                            "role": "member",
                            "team_id": "2826122",
                            "username": "tlwr"
                        },
                        "meta": {},
                        "tainted": false
                    },
                    "deposed": [],
                    "provider": "provider.github"
                },
                "github_team_membership.team_membership.1": {
                    "type": "github_team_membership",
                    "depends_on": [],
                    "primary": {
                        "id": "2826127:tlwr",
                        "attributes": {
                            "etag": "W/\"41d9c6c36a2ce1daa1fa6acc96bfeeae\"",
                            "id": "2826127:tlwr",
                            "role": "member",
                            "team_id": "2826127",
                            "username": "tlwr"
                        },
                        "meta": {},
                        "tainted": false
                    },
                    "deposed": [],
                    "provider": "provider.github"
                },
                "github_team_membership.tech_team_approver": {
                    "type": "github_team_membership",
                    "depends_on": [
                        "data.github_team.approvers_team"
                    ],
                    "primary": {
                        "id": "3101758:tlwr",
                        "attributes": {
                            "etag": "W/\"db626df21db6bca1b776b52f7389926a\"",
                            "id": "3101758:tlwr",
                            "role": "member",
                            "team_id": "3101758",
                            "username": "tlwr"
                        },
                        "meta": {},
                        "tainted": false
                    },
                    "deposed": [],
                    "provider": "provider.github"
                }
            },
            "depends_on": []
        },
        {
            "path": [
                "root",
                "user_todai88"
            ],
            "outputs": {},
            "resources": {
                "data.github_team.approvers_team": {
                    "type": "github_team",
                    "depends_on": [],
                    "primary": {
                        "id": "3101758",
                        "attributes": {
                            "description": "Verify tech team: verify-tech-team-approvers",
                            "id": "3101758",
                            "members.#": "30",
                            "members.0": "idrop",
                            "members.1": "46bit",
                            "members.10": "kerrr",
                            "members.11": "robinmitra",
                            "members.12": "brenetic",
                            "members.13": "CharlesIC",
                            "members.14": "sakisv",
                            "members.15": "Rosa-Fox",
                            "members.16": "chrisclayson",
                            "members.17": "smford",
                            "members.18": "blairboy362",
                            "members.19": "Wynndow",
                            "members.2": "galund",
                            "members.20": "andy-paine",
                            "members.21": "tomrosier",
                            "members.22": "bjgill",
                            "members.23": "bravegrape",
                            "members.24": "jstandring-gds",
                            "members.25": "mhussein-gds",
                            "members.26": "adityapahuja",
                            "members.27": "rhowe-gds",
                            "members.28": "AmritSidhu",
                            "members.29": "alan-gds",
                            "members.3": "issyl0",
                            "members.4": "mrwilson",
                            "members.5": "philandstuff",
                            "members.6": "chrisholmes",
                            "members.7": "thomasalanlee",
                            "members.8": "mmhmm",
                            "members.9": "tlwr",
                            "name": "verify-tech-team-approvers",
                            "permission": "pull",
                            "privacy": "closed",
                            "slug": "verify-tech-team-approvers"
                        },
                        "meta": {},
                        "tainted": false
                    },
                    "deposed": [],
                    "provider": "provider.github"
                },
                "data.github_team.tech_team": {
                    "type": "github_team",
                    "depends_on": [],
                    "primary": {
                        "id": "2830432",
                        "attributes": {
                            "description": "Verify Tech Team",
                            "id": "2830432",
                            "members.#": "30",
                            "members.0": "idrop",
                            "members.1": "46bit",
                            "members.10": "kerrr",
                            "members.11": "zilnhoj",
                            "members.12": "Todai88",
                            "members.13": "robinmitra",
                            "members.14": "brenetic",
                            "members.15": "nacnudus",
                            "members.16": "CharlesIC",
                            "members.17": "jkunle",
                            "members.18": "sakisv",
                            "members.19": "stephengrier",
                            "members.2": "galund",
                            "members.20": "Rosa-Fox",
                            "members.21": "AnneCarr",
                            "members.22": "ida-build-bot",
                            "members.23": "chrisclayson",
                            "members.24": "smford",
                            "members.25": "blairboy362",
                            "members.26": "Wynndow",
                            "members.27": "andy-paine",
                            "members.28": "tomrosier",
                            "members.29": "bjgill",
                            "members.3": "issyl0",
                            "members.4": "mrwilson",
                            "members.5": "philandstuff",
                            "members.6": "chrisholmes",
                            "members.7": "thomasalanlee",
                            "members.8": "mmhmm",
                            "members.9": "tlwr",
                            "name": "verify-tech-team",
                            "permission": "pull",
                            "privacy": "closed",
                            "slug": "verify-tech-team"
                        },
                        "meta": {},
                        "tainted": false
                    },
                    "deposed": [],
                    "provider": "provider.github"
                },
                "github_team_membership.team_membership": {
                    "type": "github_team_membership",
                    "depends_on": [],
                    "primary": {
                        "id": "2826122:todai88",
                        "attributes": {
                            "etag": "W/\"6ea8432323f433b85a78abdc59ea1d74\"",
                            "id": "2826122:todai88",
                            "role": "member",
                            "team_id": "2826122",
                            "username": "Todai88"
                        },
                        "meta": {},
                        "tainted": false
                    },
                    "deposed": [],
                    "provider": "provider.github"
                }
            },
            "depends_on": []
        },
        {
            "path": [
                "root",
                "user_tomrosier"
            ],
            "outputs": {},
            "resources": {
                "data.github_team.approvers_team": {
                    "type": "github_team",
                    "depends_on": [],
                    "primary": {
                        "id": "3101758",
                        "attributes": {
                            "description": "Verify tech team: verify-tech-team-approvers",
                            "id": "3101758",
                            "members.#": "30",
                            "members.0": "idrop",
                            "members.1": "46bit",
                            "members.10": "kerrr",
                            "members.11": "robinmitra",
                            "members.12": "brenetic",
                            "members.13": "CharlesIC",
                            "members.14": "sakisv",
                            "members.15": "Rosa-Fox",
                            "members.16": "chrisclayson",
                            "members.17": "smford",
                            "members.18": "blairboy362",
                            "members.19": "Wynndow",
                            "members.2": "galund",
                            "members.20": "andy-paine",
                            "members.21": "tomrosier",
                            "members.22": "bjgill",
                            "members.23": "bravegrape",
                            "members.24": "jstandring-gds",
                            "members.25": "mhussein-gds",
                            "members.26": "adityapahuja",
                            "members.27": "rhowe-gds",
                            "members.28": "AmritSidhu",
                            "members.29": "alan-gds",
                            "members.3": "issyl0",
                            "members.4": "mrwilson",
                            "members.5": "philandstuff",
                            "members.6": "chrisholmes",
                            "members.7": "thomasalanlee",
                            "members.8": "mmhmm",
                            "members.9": "tlwr",
                            "name": "verify-tech-team-approvers",
                            "permission": "pull",
                            "privacy": "closed",
                            "slug": "verify-tech-team-approvers"
                        },
                        "meta": {},
                        "tainted": false
                    },
                    "deposed": [],
                    "provider": "provider.github"
                },
                "data.github_team.tech_team": {
                    "type": "github_team",
                    "depends_on": [],
                    "primary": {
                        "id": "2830432",
                        "attributes": {
                            "description": "Verify Tech Team",
                            "id": "2830432",
                            "members.#": "30",
                            "members.0": "idrop",
                            "members.1": "46bit",
                            "members.10": "kerrr",
                            "members.11": "zilnhoj",
                            "members.12": "Todai88",
                            "members.13": "robinmitra",
                            "members.14": "brenetic",
                            "members.15": "nacnudus",
                            "members.16": "CharlesIC",
                            "members.17": "jkunle",
                            "members.18": "sakisv",
                            "members.19": "stephengrier",
                            "members.2": "galund",
                            "members.20": "Rosa-Fox",
                            "members.21": "AnneCarr",
                            "members.22": "ida-build-bot",
                            "members.23": "chrisclayson",
                            "members.24": "smford",
                            "members.25": "blairboy362",
                            "members.26": "Wynndow",
                            "members.27": "andy-paine",
                            "members.28": "tomrosier",
                            "members.29": "bjgill",
                            "members.3": "issyl0",
                            "members.4": "mrwilson",
                            "members.5": "philandstuff",
                            "members.6": "chrisholmes",
                            "members.7": "thomasalanlee",
                            "members.8": "mmhmm",
                            "members.9": "tlwr",
                            "name": "verify-tech-team",
                            "permission": "pull",
                            "privacy": "closed",
                            "slug": "verify-tech-team"
                        },
                        "meta": {},
                        "tainted": false
                    },
                    "deposed": [],
                    "provider": "provider.github"
                },
                "github_team_membership.team_membership.0": {
                    "type": "github_team_membership",
                    "depends_on": [],
                    "primary": {
                        "id": "2826122:tomrosier",
                        "attributes": {
                            "etag": "W/\"ca893d32e2ababff7c563c699bd41b57\"",
                            "id": "2826122:tomrosier",
                            "role": "member",
                            "team_id": "2826122",
                            "username": "tomrosier"
                        },
                        "meta": {},
                        "tainted": false
                    },
                    "deposed": [],
                    "provider": "provider.github"
                },
                "github_team_membership.team_membership.1": {
                    "type": "github_team_membership",
                    "depends_on": [],
                    "primary": {
                        "id": "2826126:tomrosier",
                        "attributes": {
                            "etag": "W/\"302f15f91bcd9a1d8418daf1f0965381\"",
                            "id": "2826126:tomrosier",
                            "role": "member",
                            "team_id": "2826126",
                            "username": "tomrosier"
                        },
                        "meta": {},
                        "tainted": false
                    },
                    "deposed": [],
                    "provider": "provider.github"
                },
                "github_team_membership.tech_team_approver": {
                    "type": "github_team_membership",
                    "depends_on": [
                        "data.github_team.approvers_team"
                    ],
                    "primary": {
                        "id": "3101758:tomrosier",
                        "attributes": {
                            "etag": "W/\"ddd268b0fa7d54ebae7eb25bc1e0552a\"",
                            "id": "3101758:tomrosier",
                            "role": "member",
                            "team_id": "3101758",
                            "username": "tomrosier"
                        },
                        "meta": {},
                        "tainted": false
                    },
                    "deposed": [],
                    "provider": "provider.github"
                }
            },
            "depends_on": []
        },
        {
            "path": [
                "root",
                "user_zilnhoj"
            ],
            "outputs": {},
            "resources": {
                "data.github_team.approvers_team": {
                    "type": "github_team",
                    "depends_on": [],
                    "primary": {
                        "id": "3101758",
                        "attributes": {
                            "description": "Verify tech team: verify-tech-team-approvers",
                            "id": "3101758",
                            "members.#": "30",
                            "members.0": "idrop",
                            "members.1": "46bit",
                            "members.10": "kerrr",
                            "members.11": "robinmitra",
                            "members.12": "brenetic",
                            "members.13": "CharlesIC",
                            "members.14": "sakisv",
                            "members.15": "Rosa-Fox",
                            "members.16": "chrisclayson",
                            "members.17": "smford",
                            "members.18": "blairboy362",
                            "members.19": "Wynndow",
                            "members.2": "galund",
                            "members.20": "andy-paine",
                            "members.21": "tomrosier",
                            "members.22": "bjgill",
                            "members.23": "bravegrape",
                            "members.24": "jstandring-gds",
                            "members.25": "mhussein-gds",
                            "members.26": "adityapahuja",
                            "members.27": "rhowe-gds",
                            "members.28": "AmritSidhu",
                            "members.29": "alan-gds",
                            "members.3": "issyl0",
                            "members.4": "mrwilson",
                            "members.5": "philandstuff",
                            "members.6": "chrisholmes",
                            "members.7": "thomasalanlee",
                            "members.8": "mmhmm",
                            "members.9": "tlwr",
                            "name": "verify-tech-team-approvers",
                            "permission": "pull",
                            "privacy": "closed",
                            "slug": "verify-tech-team-approvers"
                        },
                        "meta": {},
                        "tainted": false
                    },
                    "deposed": [],
                    "provider": "provider.github"
                },
                "data.github_team.tech_team": {
                    "type": "github_team",
                    "depends_on": [],
                    "primary": {
                        "id": "2830432",
                        "attributes": {
                            "description": "Verify Tech Team",
                            "id": "2830432",
                            "members.#": "30",
                            "members.0": "idrop",
                            "members.1": "46bit",
                            "members.10": "kerrr",
                            "members.11": "zilnhoj",
                            "members.12": "Todai88",
                            "members.13": "robinmitra",
                            "members.14": "brenetic",
                            "members.15": "nacnudus",
                            "members.16": "CharlesIC",
                            "members.17": "jkunle",
                            "members.18": "sakisv",
                            "members.19": "stephengrier",
                            "members.2": "galund",
                            "members.20": "Rosa-Fox",
                            "members.21": "AnneCarr",
                            "members.22": "ida-build-bot",
                            "members.23": "chrisclayson",
                            "members.24": "smford",
                            "members.25": "blairboy362",
                            "members.26": "Wynndow",
                            "members.27": "andy-paine",
                            "members.28": "tomrosier",
                            "members.29": "bjgill",
                            "members.3": "issyl0",
                            "members.4": "mrwilson",
                            "members.5": "philandstuff",
                            "members.6": "chrisholmes",
                            "members.7": "thomasalanlee",
                            "members.8": "mmhmm",
                            "members.9": "tlwr",
                            "name": "verify-tech-team",
                            "permission": "pull",
                            "privacy": "closed",
                            "slug": "verify-tech-team"
                        },
                        "meta": {},
                        "tainted": false
                    },
                    "deposed": [],
                    "provider": "provider.github"
                },
                "github_team_membership.team_membership": {
                    "type": "github_team_membership",
                    "depends_on": [],
                    "primary": {
                        "id": "2826122:zilnhoj",
                        "attributes": {
                            "etag": "W/\"d0eac90134ab3bdcb01e1071cf9ee4b9\"",
                            "id": "2826122:zilnhoj",
                            "role": "member",
                            "team_id": "2826122",
                            "username": "zilnhoj"
                        },
                        "meta": {},
                        "tainted": false
                    },
                    "deposed": [],
                    "provider": "provider.github"
                }
            },
            "depends_on": []
        }
    ]
}
