{
    "version": 3,
    "terraform_version": "0.11.7",
    "serial": 76,
    "lineage": "7069a474-17af-c033-8243-ba2e55487134",
    "modules": [
        {
            "path": [
                "root"
            ],
            "outputs": {},
            "resources": {},
            "depends_on": []
        },
        {
            "path": [
                "root",
                "mission_all"
            ],
            "outputs": {
                "teams": {
                    "sensitive": false,
                    "type": "list",
                    "value": [
                        "2826122",
                        "2826127",
                        "2826126",
                        "2826121",
                        "2826120",
                        "2826123",
                        "2826125",
                        "2915520",
                        "2826124",
                        "2915524"
                    ]
                }
            },
            "resources": {
                "data.github_team.teams.0": {
                    "type": "github_team",
                    "depends_on": [],
                    "primary": {
                        "id": "2826122",
                        "attributes": {
                            "description": "Verify tech team: verify-tech-team-core-hub",
                            "id": "2826122",
                            "members.#": "30",
                            "members.0": "46bit",
                            "members.1": "galund",
                            "members.10": "nacnudus",
                            "members.11": "CharlesIC",
                            "members.12": "javindo",
                            "members.13": "simonwo",
                            "members.14": "karlbaker02",
                            "members.15": "Rosa-Fox",
                            "members.16": "andrewchong",
                            "members.17": "kgarwood",
                            "members.18": "ida-build-bot",
                            "members.19": "chrisclayson",
                            "members.2": "phantas",
                            "members.20": "sgreensmith",
                            "members.21": "andy-paine",
                            "members.22": "RacingHippo",
                            "members.23": "bravegrape",
                            "members.24": "adityapahuja",
                            "members.25": "AmritSidhu",
                            "members.26": "callumknights",
                            "members.27": "alan-gds",
                            "members.28": "IreneLau-GDS",
                            "members.29": "jakubmiarka",
                            "members.3": "minhngocd",
                            "members.4": "chrisholmes",
                            "members.5": "thomasalanlee",
                            "members.6": "kerrr",
                            "members.7": "vixus0",
                            "members.8": "robinmitra",
                            "members.9": "brenetic",
                            "name": "verify-tech-team-core-hub",
                            "permission": "pull",
                            "privacy": "closed",
                            "slug": "verify-tech-team-core-hub"
                        },
                        "meta": {},
                        "tainted": false
                    },
                    "deposed": [],
                    "provider": "provider.github"
                },
                "data.github_team.teams.1": {
                    "type": "github_team",
                    "depends_on": [],
                    "primary": {
                        "id": "2826127",
                        "attributes": {
                            "description": "Verify tech team: verify-tech-team-connecting",
                            "id": "2826127",
                            "members.#": "29",
                            "members.0": "galund",
                            "members.1": "phantas",
                            "members.10": "jkunle",
                            "members.11": "ronocg",
                            "members.12": "karlbaker02",
                            "members.13": "Rosa-Fox",
                            "members.14": "ida-build-bot",
                            "members.15": "smford",
                            "members.16": "sgreensmith",
                            "members.17": "blairboy362",
                            "members.18": "andy-paine",
                            "members.19": "RacingHippo",
                            "members.2": "ejrowley",
                            "members.20": "bravegrape",
                            "members.21": "jstandring-gds",
                            "members.22": "adityapahuja",
                            "members.23": "rhowe-gds",
                            "members.24": "AmritSidhu",
                            "members.25": "alan-gds",
                            "members.26": "IreneLau-GDS",
                            "members.27": "matthewcullum-gds",
                            "members.28": "dbes-gds",
                            "members.3": "chrisholmes",
                            "members.4": "thomasalanlee",
                            "members.5": "mmhmm",
                            "members.6": "tlwr",
                            "members.7": "vixus0",
                            "members.8": "robinmitra",
                            "members.9": "brenetic",
                            "name": "verify-tech-team-connecting",
                            "permission": "pull",
                            "privacy": "closed",
                            "slug": "verify-tech-team-connecting"
                        },
                        "meta": {},
                        "tainted": false
                    },
                    "deposed": [],
                    "provider": "provider.github"
                },
                "data.github_team.teams.2": {
                    "type": "github_team",
                    "depends_on": [],
                    "primary": {
                        "id": "2826126",
                        "attributes": {
                            "description": "Verify tech team: verify-tech-team-dcs",
                            "id": "2826126",
                            "members.#": "30",
                            "members.0": "46bit",
                            "members.1": "galund",
                            "members.10": "vixus0",
                            "members.11": "robinmitra",
                            "members.12": "brenetic",
                            "members.13": "CharlesIC",
                            "members.14": "simonwo",
                            "members.15": "ronocg",
                            "members.16": "karlbaker02",
                            "members.17": "Rosa-Fox",
                            "members.18": "andrewchong",
                            "members.19": "kgarwood",
                            "members.2": "phantas",
                            "members.20": "ida-build-bot",
                            "members.21": "smford",
                            "members.22": "sgreensmith",
                            "members.23": "blairboy362",
                            "members.24": "andy-paine",
                            "members.25": "RacingHippo",
                            "members.26": "bravegrape",
                            "members.27": "jstandring-gds",
                            "members.28": "adityapahuja",
                            "members.29": "rhowe-gds",
                            "members.3": "minhngocd",
                            "members.4": "ejrowley",
                            "members.5": "chrisholmes",
                            "members.6": "thomasalanlee",
                            "members.7": "mmhmm",
                            "members.8": "tlwr",
                            "members.9": "kerrr",
                            "name": "verify-tech-team-dcs",
                            "permission": "pull",
                            "privacy": "closed",
                            "slug": "verify-tech-team-dcs"
                        },
                        "meta": {},
                        "tainted": false
                    },
                    "deposed": [],
                    "provider": "provider.github"
                },
                "data.github_team.teams.3": {
                    "type": "github_team",
                    "depends_on": [],
                    "primary": {
                        "id": "2826121",
                        "attributes": {
                            "description": "Verify tech team: verify-tech-team-eidas-notification",
                            "id": "2826121",
                            "members.#": "15",
                            "members.0": "46bit",
                            "members.1": "minhngocd",
                            "members.10": "ida-build-bot",
                            "members.11": "andy-paine",
                            "members.12": "IreneLau-GDS",
                            "members.13": "guruchand",
                            "members.14": "JHjava",
                            "members.2": "chrisholmes",
                            "members.3": "thomasalanlee",
                            "members.4": "kerrr",
                            "members.5": "vixus0",
                            "members.6": "CharlesIC",
                            "members.7": "simonwo",
                            "members.8": "andrewchong",
                            "members.9": "kgarwood",
                            "name": "verify-tech-team-eidas-notification",
                            "permission": "pull",
                            "privacy": "closed",
                            "slug": "verify-tech-team-eidas-notification"
                        },
                        "meta": {},
                        "tainted": false
                    },
                    "deposed": [],
                    "provider": "provider.github"
                },
                "data.github_team.teams.4": {
                    "type": "github_team",
                    "depends_on": [],
                    "primary": {
                        "id": "2826120",
                        "attributes": {
                            "description": "Verify tech team: verify-tech-team-eidas-middleware",
                            "id": "2826120",
                            "members.#": "24",
                            "members.0": "46bit",
                            "members.1": "minhngocd",
                            "members.10": "simonwo",
                            "members.11": "ronocg",
                            "members.12": "andrewchong",
                            "members.13": "kgarwood",
                            "members.14": "ida-build-bot",
                            "members.15": "smford",
                            "members.16": "blairboy362",
                            "members.17": "andy-paine",
                            "members.18": "jstandring-gds",
                            "members.19": "rhowe-gds",
                            "members.2": "ejrowley",
                            "members.20": "IreneLau-GDS",
                            "members.21": "guruchand",
                            "members.22": "JHjava",
                            "members.23": "matthewcullum-gds",
                            "members.3": "chrisholmes",
                            "members.4": "thomasalanlee",
                            "members.5": "mmhmm",
                            "members.6": "tlwr",
                            "members.7": "kerrr",
                            "members.8": "vixus0",
                            "members.9": "CharlesIC",
                            "name": "verify-tech-team-eidas-middleware",
                            "permission": "pull",
                            "privacy": "closed",
                            "slug": "verify-tech-team-eidas-middleware"
                        },
                        "meta": {},
                        "tainted": false
                    },
                    "deposed": [],
                    "provider": "provider.github"
                },
                "data.github_team.teams.5": {
                    "type": "github_team",
                    "depends_on": [],
                    "primary": {
                        "id": "2826123",
                        "attributes": {
                            "description": "Verify tech team: verify-tech-team-frontend",
                            "id": "2826123",
                            "members.#": "30",
                            "members.0": "46bit",
                            "members.1": "galund",
                            "members.10": "nacnudus",
                            "members.11": "CharlesIC",
                            "members.12": "javindo",
                            "members.13": "simonwo",
                            "members.14": "karlbaker02",
                            "members.15": "Rosa-Fox",
                            "members.16": "andrewchong",
                            "members.17": "kgarwood",
                            "members.18": "ida-build-bot",
                            "members.19": "chrisclayson",
                            "members.2": "phantas",
                            "members.20": "sgreensmith",
                            "members.21": "andy-paine",
                            "members.22": "RacingHippo",
                            "members.23": "bravegrape",
                            "members.24": "adityapahuja",
                            "members.25": "AmritSidhu",
                            "members.26": "callumknights",
                            "members.27": "alan-gds",
                            "members.28": "IreneLau-GDS",
                            "members.29": "jakubmiarka",
                            "members.3": "minhngocd",
                            "members.4": "chrisholmes",
                            "members.5": "thomasalanlee",
                            "members.6": "kerrr",
                            "members.7": "vixus0",
                            "members.8": "robinmitra",
                            "members.9": "brenetic",
                            "name": "verify-tech-team-frontend",
                            "permission": "pull",
                            "privacy": "closed",
                            "slug": "verify-tech-team-frontend"
                        },
                        "meta": {},
                        "tainted": false
                    },
                    "deposed": [],
                    "provider": "provider.github"
                },
                "data.github_team.teams.6": {
                    "type": "github_team",
                    "depends_on": [],
                    "primary": {
                        "id": "2826125",
                        "attributes": {
                            "description": "Verify tech team: verify-tech-team-infrastructure",
                            "id": "2826125",
                            "members.#": "30",
                            "members.0": "46bit",
                            "members.1": "galund",
                            "members.10": "vixus0",
                            "members.11": "robinmitra",
                            "members.12": "brenetic",
                            "members.13": "nacnudus",
                            "members.14": "CharlesIC",
                            "members.15": "javindo",
                            "members.16": "simonwo",
                            "members.17": "ronocg",
                            "members.18": "karlbaker02",
                            "members.19": "Rosa-Fox",
                            "members.2": "phantas",
                            "members.20": "andrewchong",
                            "members.21": "kgarwood",
                            "members.22": "ida-build-bot",
                            "members.23": "chrisclayson",
                            "members.24": "smford",
                            "members.25": "sgreensmith",
                            "members.26": "blairboy362",
                            "members.27": "andy-paine",
                            "members.28": "RacingHippo",
                            "members.29": "bravegrape",
                            "members.3": "minhngocd",
                            "members.4": "ejrowley",
                            "members.5": "chrisholmes",
                            "members.6": "thomasalanlee",
                            "members.7": "mmhmm",
                            "members.8": "tlwr",
                            "members.9": "kerrr",
                            "name": "verify-tech-team-infrastructure",
                            "permission": "pull",
                            "privacy": "closed",
                            "slug": "verify-tech-team-infrastructure"
                        },
                        "meta": {},
                        "tainted": false
                    },
                    "deposed": [],
                    "provider": "provider.github"
                },
                "data.github_team.teams.7": {
                    "type": "github_team",
                    "depends_on": [],
                    "primary": {
                        "id": "2915520",
                        "attributes": {
                            "description": "Verify tech team: verify-tech-team-performance-dev",
                            "id": "2915520",
                            "members.#": "9",
                            "members.0": "galund",
                            "members.1": "phantas",
                            "members.2": "chrisholmes",
                            "members.3": "thomasalanlee",
                            "members.4": "vixus0",
                            "members.5": "robinmitra",
                            "members.6": "ida-build-bot",
                            "members.7": "andy-paine",
                            "members.8": "IreneLau-GDS",
                            "name": "verify-tech-team-performance-dev",
                            "permission": "pull",
                            "privacy": "closed",
                            "slug": "verify-tech-team-performance-dev"
                        },
                        "meta": {},
                        "tainted": false
                    },
                    "deposed": [],
                    "provider": "provider.github"
                },
                "data.github_team.teams.8": {
                    "type": "github_team",
                    "depends_on": [],
                    "primary": {
                        "id": "2826124",
                        "attributes": {
                            "description": "Verify tech team: verify-tech-team-performance-pa",
                            "id": "2826124",
                            "members.#": "10",
                            "members.0": "chrisholmes",
                            "members.1": "thomasalanlee",
                            "members.2": "zilnhoj",
                            "members.3": "vixus0",
                            "members.4": "AnneCarr",
                            "members.5": "ida-build-bot",
                            "members.6": "andy-paine",
                            "members.7": "sarah-dean",
                            "members.8": "IreneLau-GDS",
                            "members.9": "Mariaslo",
                            "name": "verify-tech-team-performance-pa",
                            "permission": "pull",
                            "privacy": "closed",
                            "slug": "verify-tech-team-performance-pa"
                        },
                        "meta": {},
                        "tainted": false
                    },
                    "deposed": [],
                    "provider": "provider.github"
                },
                "data.github_team.teams.9": {
                    "type": "github_team",
                    "depends_on": [],
                    "primary": {
                        "id": "2915524",
                        "attributes": {
                            "description": "Verify tech team: verify-tech-team-tools",
                            "id": "2915524",
                            "members.#": "30",
                            "members.0": "46bit",
                            "members.1": "galund",
                            "members.10": "vixus0",
                            "members.11": "robinmitra",
                            "members.12": "brenetic",
                            "members.13": "nacnudus",
                            "members.14": "CharlesIC",
                            "members.15": "javindo",
                            "members.16": "simonwo",
                            "members.17": "ronocg",
                            "members.18": "karlbaker02",
                            "members.19": "Rosa-Fox",
                            "members.2": "phantas",
                            "members.20": "andrewchong",
                            "members.21": "kgarwood",
                            "members.22": "ida-build-bot",
                            "members.23": "chrisclayson",
                            "members.24": "smford",
                            "members.25": "sgreensmith",
                            "members.26": "blairboy362",
                            "members.27": "andy-paine",
                            "members.28": "RacingHippo",
                            "members.29": "bravegrape",
                            "members.3": "minhngocd",
                            "members.4": "ejrowley",
                            "members.5": "chrisholmes",
                            "members.6": "thomasalanlee",
                            "members.7": "mmhmm",
                            "members.8": "tlwr",
                            "members.9": "kerrr",
                            "name": "verify-tech-team-tools",
                            "permission": "pull",
                            "privacy": "closed",
                            "slug": "verify-tech-team-tools"
                        },
                        "meta": {},
                        "tainted": false
                    },
                    "deposed": [],
                    "provider": "provider.github"
                }
            },
            "depends_on": []
        },
        {
            "path": [
                "root",
                "mission_connecting"
            ],
            "outputs": {
                "teams": {
                    "sensitive": false,
                    "type": "list",
                    "value": [
                        "2826122",
                        "2826127",
                        "2826126",
                        "2826123",
                        "2826125",
                        "2915524"
                    ]
                }
            },
            "resources": {
                "data.github_team.teams.0": {
                    "type": "github_team",
                    "depends_on": [],
                    "primary": {
                        "id": "2826122",
                        "attributes": {
                            "description": "Verify tech team: verify-tech-team-core-hub",
                            "id": "2826122",
                            "members.#": "30",
                            "members.0": "46bit",
                            "members.1": "galund",
                            "members.10": "nacnudus",
                            "members.11": "CharlesIC",
                            "members.12": "javindo",
                            "members.13": "simonwo",
                            "members.14": "karlbaker02",
                            "members.15": "Rosa-Fox",
                            "members.16": "andrewchong",
                            "members.17": "kgarwood",
                            "members.18": "ida-build-bot",
                            "members.19": "chrisclayson",
                            "members.2": "phantas",
                            "members.20": "sgreensmith",
                            "members.21": "andy-paine",
                            "members.22": "RacingHippo",
                            "members.23": "bravegrape",
                            "members.24": "adityapahuja",
                            "members.25": "AmritSidhu",
                            "members.26": "callumknights",
                            "members.27": "alan-gds",
                            "members.28": "IreneLau-GDS",
                            "members.29": "jakubmiarka",
                            "members.3": "minhngocd",
                            "members.4": "chrisholmes",
                            "members.5": "thomasalanlee",
                            "members.6": "kerrr",
                            "members.7": "vixus0",
                            "members.8": "robinmitra",
                            "members.9": "brenetic",
                            "name": "verify-tech-team-core-hub",
                            "permission": "pull",
                            "privacy": "closed",
                            "slug": "verify-tech-team-core-hub"
                        },
                        "meta": {},
                        "tainted": false
                    },
                    "deposed": [],
                    "provider": "provider.github"
                },
                "data.github_team.teams.1": {
                    "type": "github_team",
                    "depends_on": [],
                    "primary": {
                        "id": "2826127",
                        "attributes": {
                            "description": "Verify tech team: verify-tech-team-connecting",
                            "id": "2826127",
                            "members.#": "29",
                            "members.0": "galund",
                            "members.1": "phantas",
                            "members.10": "jkunle",
                            "members.11": "ronocg",
                            "members.12": "karlbaker02",
                            "members.13": "Rosa-Fox",
                            "members.14": "ida-build-bot",
                            "members.15": "smford",
                            "members.16": "sgreensmith",
                            "members.17": "blairboy362",
                            "members.18": "andy-paine",
                            "members.19": "RacingHippo",
                            "members.2": "ejrowley",
                            "members.20": "bravegrape",
                            "members.21": "jstandring-gds",
                            "members.22": "adityapahuja",
                            "members.23": "rhowe-gds",
                            "members.24": "AmritSidhu",
                            "members.25": "alan-gds",
                            "members.26": "IreneLau-GDS",
                            "members.27": "matthewcullum-gds",
                            "members.28": "dbes-gds",
                            "members.3": "chrisholmes",
                            "members.4": "thomasalanlee",
                            "members.5": "mmhmm",
                            "members.6": "tlwr",
                            "members.7": "vixus0",
                            "members.8": "robinmitra",
                            "members.9": "brenetic",
                            "name": "verify-tech-team-connecting",
                            "permission": "pull",
                            "privacy": "closed",
                            "slug": "verify-tech-team-connecting"
                        },
                        "meta": {},
                        "tainted": false
                    },
                    "deposed": [],
                    "provider": "provider.github"
                },
                "data.github_team.teams.2": {
                    "type": "github_team",
                    "depends_on": [],
                    "primary": {
                        "id": "2826126",
                        "attributes": {
                            "description": "Verify tech team: verify-tech-team-dcs",
                            "id": "2826126",
                            "members.#": "30",
                            "members.0": "46bit",
                            "members.1": "galund",
                            "members.10": "vixus0",
                            "members.11": "robinmitra",
                            "members.12": "brenetic",
                            "members.13": "CharlesIC",
                            "members.14": "simonwo",
                            "members.15": "ronocg",
                            "members.16": "karlbaker02",
                            "members.17": "Rosa-Fox",
                            "members.18": "andrewchong",
                            "members.19": "kgarwood",
                            "members.2": "phantas",
                            "members.20": "ida-build-bot",
                            "members.21": "smford",
                            "members.22": "sgreensmith",
                            "members.23": "blairboy362",
                            "members.24": "andy-paine",
                            "members.25": "RacingHippo",
                            "members.26": "bravegrape",
                            "members.27": "jstandring-gds",
                            "members.28": "adityapahuja",
                            "members.29": "rhowe-gds",
                            "members.3": "minhngocd",
                            "members.4": "ejrowley",
                            "members.5": "chrisholmes",
                            "members.6": "thomasalanlee",
                            "members.7": "mmhmm",
                            "members.8": "tlwr",
                            "members.9": "kerrr",
                            "name": "verify-tech-team-dcs",
                            "permission": "pull",
                            "privacy": "closed",
                            "slug": "verify-tech-team-dcs"
                        },
                        "meta": {},
                        "tainted": false
                    },
                    "deposed": [],
                    "provider": "provider.github"
                },
                "data.github_team.teams.3": {
                    "type": "github_team",
                    "depends_on": [],
                    "primary": {
                        "id": "2826123",
                        "attributes": {
                            "description": "Verify tech team: verify-tech-team-frontend",
                            "id": "2826123",
                            "members.#": "30",
                            "members.0": "46bit",
                            "members.1": "galund",
                            "members.10": "nacnudus",
                            "members.11": "CharlesIC",
                            "members.12": "javindo",
                            "members.13": "simonwo",
                            "members.14": "karlbaker02",
                            "members.15": "Rosa-Fox",
                            "members.16": "andrewchong",
                            "members.17": "kgarwood",
                            "members.18": "ida-build-bot",
                            "members.19": "chrisclayson",
                            "members.2": "phantas",
                            "members.20": "sgreensmith",
                            "members.21": "andy-paine",
                            "members.22": "RacingHippo",
                            "members.23": "bravegrape",
                            "members.24": "adityapahuja",
                            "members.25": "AmritSidhu",
                            "members.26": "callumknights",
                            "members.27": "alan-gds",
                            "members.28": "IreneLau-GDS",
                            "members.29": "jakubmiarka",
                            "members.3": "minhngocd",
                            "members.4": "chrisholmes",
                            "members.5": "thomasalanlee",
                            "members.6": "kerrr",
                            "members.7": "vixus0",
                            "members.8": "robinmitra",
                            "members.9": "brenetic",
                            "name": "verify-tech-team-frontend",
                            "permission": "pull",
                            "privacy": "closed",
                            "slug": "verify-tech-team-frontend"
                        },
                        "meta": {},
                        "tainted": false
                    },
                    "deposed": [],
                    "provider": "provider.github"
                },
                "data.github_team.teams.4": {
                    "type": "github_team",
                    "depends_on": [],
                    "primary": {
                        "id": "2826125",
                        "attributes": {
                            "description": "Verify tech team: verify-tech-team-infrastructure",
                            "id": "2826125",
                            "members.#": "30",
                            "members.0": "46bit",
                            "members.1": "galund",
                            "members.10": "vixus0",
                            "members.11": "robinmitra",
                            "members.12": "brenetic",
                            "members.13": "nacnudus",
                            "members.14": "CharlesIC",
                            "members.15": "javindo",
                            "members.16": "simonwo",
                            "members.17": "ronocg",
                            "members.18": "karlbaker02",
                            "members.19": "Rosa-Fox",
                            "members.2": "phantas",
                            "members.20": "andrewchong",
                            "members.21": "kgarwood",
                            "members.22": "ida-build-bot",
                            "members.23": "chrisclayson",
                            "members.24": "smford",
                            "members.25": "sgreensmith",
                            "members.26": "blairboy362",
                            "members.27": "andy-paine",
                            "members.28": "RacingHippo",
                            "members.29": "bravegrape",
                            "members.3": "minhngocd",
                            "members.4": "ejrowley",
                            "members.5": "chrisholmes",
                            "members.6": "thomasalanlee",
                            "members.7": "mmhmm",
                            "members.8": "tlwr",
                            "members.9": "kerrr",
                            "name": "verify-tech-team-infrastructure",
                            "permission": "pull",
                            "privacy": "closed",
                            "slug": "verify-tech-team-infrastructure"
                        },
                        "meta": {},
                        "tainted": false
                    },
                    "deposed": [],
                    "provider": "provider.github"
                },
                "data.github_team.teams.5": {
                    "type": "github_team",
                    "depends_on": [],
                    "primary": {
                        "id": "2915524",
                        "attributes": {
                            "description": "Verify tech team: verify-tech-team-tools",
                            "id": "2915524",
                            "members.#": "30",
                            "members.0": "46bit",
                            "members.1": "galund",
                            "members.10": "vixus0",
                            "members.11": "robinmitra",
                            "members.12": "brenetic",
                            "members.13": "nacnudus",
                            "members.14": "CharlesIC",
                            "members.15": "javindo",
                            "members.16": "simonwo",
                            "members.17": "ronocg",
                            "members.18": "karlbaker02",
                            "members.19": "Rosa-Fox",
                            "members.2": "phantas",
                            "members.20": "andrewchong",
                            "members.21": "kgarwood",
                            "members.22": "ida-build-bot",
                            "members.23": "chrisclayson",
                            "members.24": "smford",
                            "members.25": "sgreensmith",
                            "members.26": "blairboy362",
                            "members.27": "andy-paine",
                            "members.28": "RacingHippo",
                            "members.29": "bravegrape",
                            "members.3": "minhngocd",
                            "members.4": "ejrowley",
                            "members.5": "chrisholmes",
                            "members.6": "thomasalanlee",
                            "members.7": "mmhmm",
                            "members.8": "tlwr",
                            "members.9": "kerrr",
                            "name": "verify-tech-team-tools",
                            "permission": "pull",
                            "privacy": "closed",
                            "slug": "verify-tech-team-tools"
                        },
                        "meta": {},
                        "tainted": false
                    },
                    "deposed": [],
                    "provider": "provider.github"
                }
            },
            "depends_on": []
        },
        {
            "path": [
                "root",
                "mission_eidas"
            ],
            "outputs": {
                "teams": {
                    "sensitive": false,
                    "type": "list",
                    "value": [
                        "2826122",
                        "2826121",
                        "2826120",
                        "2826126",
                        "2826123",
                        "2826125",
                        "2915524"
                    ]
                }
            },
            "resources": {
                "data.github_team.teams.0": {
                    "type": "github_team",
                    "depends_on": [],
                    "primary": {
                        "id": "2826122",
                        "attributes": {
                            "description": "Verify tech team: verify-tech-team-core-hub",
                            "id": "2826122",
                            "members.#": "30",
                            "members.0": "46bit",
                            "members.1": "galund",
                            "members.10": "nacnudus",
                            "members.11": "CharlesIC",
                            "members.12": "javindo",
                            "members.13": "simonwo",
                            "members.14": "karlbaker02",
                            "members.15": "Rosa-Fox",
                            "members.16": "andrewchong",
                            "members.17": "kgarwood",
                            "members.18": "ida-build-bot",
                            "members.19": "chrisclayson",
                            "members.2": "phantas",
                            "members.20": "sgreensmith",
                            "members.21": "andy-paine",
                            "members.22": "RacingHippo",
                            "members.23": "bravegrape",
                            "members.24": "adityapahuja",
                            "members.25": "AmritSidhu",
                            "members.26": "callumknights",
                            "members.27": "alan-gds",
                            "members.28": "IreneLau-GDS",
                            "members.29": "jakubmiarka",
                            "members.3": "minhngocd",
                            "members.4": "chrisholmes",
                            "members.5": "thomasalanlee",
                            "members.6": "kerrr",
                            "members.7": "vixus0",
                            "members.8": "robinmitra",
                            "members.9": "brenetic",
                            "name": "verify-tech-team-core-hub",
                            "permission": "pull",
                            "privacy": "closed",
                            "slug": "verify-tech-team-core-hub"
                        },
                        "meta": {},
                        "tainted": false
                    },
                    "deposed": [],
                    "provider": "provider.github"
                },
                "data.github_team.teams.1": {
                    "type": "github_team",
                    "depends_on": [],
                    "primary": {
                        "id": "2826121",
                        "attributes": {
                            "description": "Verify tech team: verify-tech-team-eidas-notification",
                            "id": "2826121",
                            "members.#": "15",
                            "members.0": "46bit",
                            "members.1": "minhngocd",
                            "members.10": "ida-build-bot",
                            "members.11": "andy-paine",
                            "members.12": "IreneLau-GDS",
                            "members.13": "guruchand",
                            "members.14": "JHjava",
                            "members.2": "chrisholmes",
                            "members.3": "thomasalanlee",
                            "members.4": "kerrr",
                            "members.5": "vixus0",
                            "members.6": "CharlesIC",
                            "members.7": "simonwo",
                            "members.8": "andrewchong",
                            "members.9": "kgarwood",
                            "name": "verify-tech-team-eidas-notification",
                            "permission": "pull",
                            "privacy": "closed",
                            "slug": "verify-tech-team-eidas-notification"
                        },
                        "meta": {},
                        "tainted": false
                    },
                    "deposed": [],
                    "provider": "provider.github"
                },
                "data.github_team.teams.2": {
                    "type": "github_team",
                    "depends_on": [],
                    "primary": {
                        "id": "2826120",
                        "attributes": {
                            "description": "Verify tech team: verify-tech-team-eidas-middleware",
                            "id": "2826120",
                            "members.#": "24",
                            "members.0": "46bit",
                            "members.1": "minhngocd",
                            "members.10": "simonwo",
                            "members.11": "ronocg",
                            "members.12": "andrewchong",
                            "members.13": "kgarwood",
                            "members.14": "ida-build-bot",
                            "members.15": "smford",
                            "members.16": "blairboy362",
                            "members.17": "andy-paine",
                            "members.18": "jstandring-gds",
                            "members.19": "rhowe-gds",
                            "members.2": "ejrowley",
                            "members.20": "IreneLau-GDS",
                            "members.21": "guruchand",
                            "members.22": "JHjava",
                            "members.23": "matthewcullum-gds",
                            "members.3": "chrisholmes",
                            "members.4": "thomasalanlee",
                            "members.5": "mmhmm",
                            "members.6": "tlwr",
                            "members.7": "kerrr",
                            "members.8": "vixus0",
                            "members.9": "CharlesIC",
                            "name": "verify-tech-team-eidas-middleware",
                            "permission": "pull",
                            "privacy": "closed",
                            "slug": "verify-tech-team-eidas-middleware"
                        },
                        "meta": {},
                        "tainted": false
                    },
                    "deposed": [],
                    "provider": "provider.github"
                },
                "data.github_team.teams.3": {
                    "type": "github_team",
                    "depends_on": [],
                    "primary": {
                        "id": "2826126",
                        "attributes": {
                            "description": "Verify tech team: verify-tech-team-dcs",
                            "id": "2826126",
                            "members.#": "30",
                            "members.0": "46bit",
                            "members.1": "galund",
                            "members.10": "vixus0",
                            "members.11": "robinmitra",
                            "members.12": "brenetic",
                            "members.13": "CharlesIC",
                            "members.14": "simonwo",
                            "members.15": "ronocg",
                            "members.16": "karlbaker02",
                            "members.17": "Rosa-Fox",
                            "members.18": "andrewchong",
                            "members.19": "kgarwood",
                            "members.2": "phantas",
                            "members.20": "ida-build-bot",
                            "members.21": "smford",
                            "members.22": "sgreensmith",
                            "members.23": "blairboy362",
                            "members.24": "andy-paine",
                            "members.25": "RacingHippo",
                            "members.26": "bravegrape",
                            "members.27": "jstandring-gds",
                            "members.28": "adityapahuja",
                            "members.29": "rhowe-gds",
                            "members.3": "minhngocd",
                            "members.4": "ejrowley",
                            "members.5": "chrisholmes",
                            "members.6": "thomasalanlee",
                            "members.7": "mmhmm",
                            "members.8": "tlwr",
                            "members.9": "kerrr",
                            "name": "verify-tech-team-dcs",
                            "permission": "pull",
                            "privacy": "closed",
                            "slug": "verify-tech-team-dcs"
                        },
                        "meta": {},
                        "tainted": false
                    },
                    "deposed": [],
                    "provider": "provider.github"
                },
                "data.github_team.teams.4": {
                    "type": "github_team",
                    "depends_on": [],
                    "primary": {
                        "id": "2826123",
                        "attributes": {
                            "description": "Verify tech team: verify-tech-team-frontend",
                            "id": "2826123",
                            "members.#": "30",
                            "members.0": "46bit",
                            "members.1": "galund",
                            "members.10": "nacnudus",
                            "members.11": "CharlesIC",
                            "members.12": "javindo",
                            "members.13": "simonwo",
                            "members.14": "karlbaker02",
                            "members.15": "Rosa-Fox",
                            "members.16": "andrewchong",
                            "members.17": "kgarwood",
                            "members.18": "ida-build-bot",
                            "members.19": "chrisclayson",
                            "members.2": "phantas",
                            "members.20": "sgreensmith",
                            "members.21": "andy-paine",
                            "members.22": "RacingHippo",
                            "members.23": "bravegrape",
                            "members.24": "adityapahuja",
                            "members.25": "AmritSidhu",
                            "members.26": "callumknights",
                            "members.27": "alan-gds",
                            "members.28": "IreneLau-GDS",
                            "members.29": "jakubmiarka",
                            "members.3": "minhngocd",
                            "members.4": "chrisholmes",
                            "members.5": "thomasalanlee",
                            "members.6": "kerrr",
                            "members.7": "vixus0",
                            "members.8": "robinmitra",
                            "members.9": "brenetic",
                            "name": "verify-tech-team-frontend",
                            "permission": "pull",
                            "privacy": "closed",
                            "slug": "verify-tech-team-frontend"
                        },
                        "meta": {},
                        "tainted": false
                    },
                    "deposed": [],
                    "provider": "provider.github"
                },
                "data.github_team.teams.5": {
                    "type": "github_team",
                    "depends_on": [],
                    "primary": {
                        "id": "2826125",
                        "attributes": {
                            "description": "Verify tech team: verify-tech-team-infrastructure",
                            "id": "2826125",
                            "members.#": "30",
                            "members.0": "46bit",
                            "members.1": "galund",
                            "members.10": "vixus0",
                            "members.11": "robinmitra",
                            "members.12": "brenetic",
                            "members.13": "nacnudus",
                            "members.14": "CharlesIC",
                            "members.15": "javindo",
                            "members.16": "simonwo",
                            "members.17": "ronocg",
                            "members.18": "karlbaker02",
                            "members.19": "Rosa-Fox",
                            "members.2": "phantas",
                            "members.20": "andrewchong",
                            "members.21": "kgarwood",
                            "members.22": "ida-build-bot",
                            "members.23": "chrisclayson",
                            "members.24": "smford",
                            "members.25": "sgreensmith",
                            "members.26": "blairboy362",
                            "members.27": "andy-paine",
                            "members.28": "RacingHippo",
                            "members.29": "bravegrape",
                            "members.3": "minhngocd",
                            "members.4": "ejrowley",
                            "members.5": "chrisholmes",
                            "members.6": "thomasalanlee",
                            "members.7": "mmhmm",
                            "members.8": "tlwr",
                            "members.9": "kerrr",
                            "name": "verify-tech-team-infrastructure",
                            "permission": "pull",
                            "privacy": "closed",
                            "slug": "verify-tech-team-infrastructure"
                        },
                        "meta": {},
                        "tainted": false
                    },
                    "deposed": [],
                    "provider": "provider.github"
                },
                "data.github_team.teams.6": {
                    "type": "github_team",
                    "depends_on": [],
                    "primary": {
                        "id": "2915524",
                        "attributes": {
                            "description": "Verify tech team: verify-tech-team-tools",
                            "id": "2915524",
                            "members.#": "30",
                            "members.0": "46bit",
                            "members.1": "galund",
                            "members.10": "vixus0",
                            "members.11": "robinmitra",
                            "members.12": "brenetic",
                            "members.13": "nacnudus",
                            "members.14": "CharlesIC",
                            "members.15": "javindo",
                            "members.16": "simonwo",
                            "members.17": "ronocg",
                            "members.18": "karlbaker02",
                            "members.19": "Rosa-Fox",
                            "members.2": "phantas",
                            "members.20": "andrewchong",
                            "members.21": "kgarwood",
                            "members.22": "ida-build-bot",
                            "members.23": "chrisclayson",
                            "members.24": "smford",
                            "members.25": "sgreensmith",
                            "members.26": "blairboy362",
                            "members.27": "andy-paine",
                            "members.28": "RacingHippo",
                            "members.29": "bravegrape",
                            "members.3": "minhngocd",
                            "members.4": "ejrowley",
                            "members.5": "chrisholmes",
                            "members.6": "thomasalanlee",
                            "members.7": "mmhmm",
                            "members.8": "tlwr",
                            "members.9": "kerrr",
                            "name": "verify-tech-team-tools",
                            "permission": "pull",
                            "privacy": "closed",
                            "slug": "verify-tech-team-tools"
                        },
                        "meta": {},
                        "tainted": false
                    },
                    "deposed": [],
                    "provider": "provider.github"
                }
            },
            "depends_on": []
        },
        {
            "path": [
                "root",
                "mission_optimising"
            ],
            "outputs": {
                "teams": {
                    "sensitive": false,
                    "type": "list",
                    "value": [
                        "2826122",
                        "2826123",
                        "2826125",
                        "2915524"
                    ]
                }
            },
            "resources": {
                "data.github_team.teams.0": {
                    "type": "github_team",
                    "depends_on": [],
                    "primary": {
                        "id": "2826122",
                        "attributes": {
                            "description": "Verify tech team: verify-tech-team-core-hub",
                            "id": "2826122",
                            "members.#": "30",
                            "members.0": "46bit",
                            "members.1": "galund",
                            "members.10": "nacnudus",
                            "members.11": "CharlesIC",
                            "members.12": "javindo",
                            "members.13": "simonwo",
                            "members.14": "karlbaker02",
                            "members.15": "Rosa-Fox",
                            "members.16": "andrewchong",
                            "members.17": "kgarwood",
                            "members.18": "ida-build-bot",
                            "members.19": "chrisclayson",
                            "members.2": "phantas",
                            "members.20": "sgreensmith",
                            "members.21": "andy-paine",
                            "members.22": "RacingHippo",
                            "members.23": "bravegrape",
                            "members.24": "adityapahuja",
                            "members.25": "AmritSidhu",
                            "members.26": "callumknights",
                            "members.27": "alan-gds",
                            "members.28": "IreneLau-GDS",
                            "members.29": "jakubmiarka",
                            "members.3": "minhngocd",
                            "members.4": "chrisholmes",
                            "members.5": "thomasalanlee",
                            "members.6": "kerrr",
                            "members.7": "vixus0",
                            "members.8": "robinmitra",
                            "members.9": "brenetic",
                            "name": "verify-tech-team-core-hub",
                            "permission": "pull",
                            "privacy": "closed",
                            "slug": "verify-tech-team-core-hub"
                        },
                        "meta": {},
                        "tainted": false
                    },
                    "deposed": [],
                    "provider": "provider.github"
                },
                "data.github_team.teams.1": {
                    "type": "github_team",
                    "depends_on": [],
                    "primary": {
                        "id": "2826123",
                        "attributes": {
                            "description": "Verify tech team: verify-tech-team-frontend",
                            "id": "2826123",
                            "members.#": "30",
                            "members.0": "46bit",
                            "members.1": "galund",
                            "members.10": "nacnudus",
                            "members.11": "CharlesIC",
                            "members.12": "javindo",
                            "members.13": "simonwo",
                            "members.14": "karlbaker02",
                            "members.15": "Rosa-Fox",
                            "members.16": "andrewchong",
                            "members.17": "kgarwood",
                            "members.18": "ida-build-bot",
                            "members.19": "chrisclayson",
                            "members.2": "phantas",
                            "members.20": "sgreensmith",
                            "members.21": "andy-paine",
                            "members.22": "RacingHippo",
                            "members.23": "bravegrape",
                            "members.24": "adityapahuja",
                            "members.25": "AmritSidhu",
                            "members.26": "callumknights",
                            "members.27": "alan-gds",
                            "members.28": "IreneLau-GDS",
                            "members.29": "jakubmiarka",
                            "members.3": "minhngocd",
                            "members.4": "chrisholmes",
                            "members.5": "thomasalanlee",
                            "members.6": "kerrr",
                            "members.7": "vixus0",
                            "members.8": "robinmitra",
                            "members.9": "brenetic",
                            "name": "verify-tech-team-frontend",
                            "permission": "pull",
                            "privacy": "closed",
                            "slug": "verify-tech-team-frontend"
                        },
                        "meta": {},
                        "tainted": false
                    },
                    "deposed": [],
                    "provider": "provider.github"
                },
                "data.github_team.teams.2": {
                    "type": "github_team",
                    "depends_on": [],
                    "primary": {
                        "id": "2826125",
                        "attributes": {
                            "description": "Verify tech team: verify-tech-team-infrastructure",
                            "id": "2826125",
                            "members.#": "30",
                            "members.0": "46bit",
                            "members.1": "galund",
                            "members.10": "vixus0",
                            "members.11": "robinmitra",
                            "members.12": "brenetic",
                            "members.13": "nacnudus",
                            "members.14": "CharlesIC",
                            "members.15": "javindo",
                            "members.16": "simonwo",
                            "members.17": "ronocg",
                            "members.18": "karlbaker02",
                            "members.19": "Rosa-Fox",
                            "members.2": "phantas",
                            "members.20": "andrewchong",
                            "members.21": "kgarwood",
                            "members.22": "ida-build-bot",
                            "members.23": "chrisclayson",
                            "members.24": "smford",
                            "members.25": "sgreensmith",
                            "members.26": "blairboy362",
                            "members.27": "andy-paine",
                            "members.28": "RacingHippo",
                            "members.29": "bravegrape",
                            "members.3": "minhngocd",
                            "members.4": "ejrowley",
                            "members.5": "chrisholmes",
                            "members.6": "thomasalanlee",
                            "members.7": "mmhmm",
                            "members.8": "tlwr",
                            "members.9": "kerrr",
                            "name": "verify-tech-team-infrastructure",
                            "permission": "pull",
                            "privacy": "closed",
                            "slug": "verify-tech-team-infrastructure"
                        },
                        "meta": {},
                        "tainted": false
                    },
                    "deposed": [],
                    "provider": "provider.github"
                },
                "data.github_team.teams.3": {
                    "type": "github_team",
                    "depends_on": [],
                    "primary": {
                        "id": "2915524",
                        "attributes": {
                            "description": "Verify tech team: verify-tech-team-tools",
                            "id": "2915524",
                            "members.#": "30",
                            "members.0": "46bit",
                            "members.1": "galund",
                            "members.10": "vixus0",
                            "members.11": "robinmitra",
                            "members.12": "brenetic",
                            "members.13": "nacnudus",
                            "members.14": "CharlesIC",
                            "members.15": "javindo",
                            "members.16": "simonwo",
                            "members.17": "ronocg",
                            "members.18": "karlbaker02",
                            "members.19": "Rosa-Fox",
                            "members.2": "phantas",
                            "members.20": "andrewchong",
                            "members.21": "kgarwood",
                            "members.22": "ida-build-bot",
                            "members.23": "chrisclayson",
                            "members.24": "smford",
                            "members.25": "sgreensmith",
                            "members.26": "blairboy362",
                            "members.27": "andy-paine",
                            "members.28": "RacingHippo",
                            "members.29": "bravegrape",
                            "members.3": "minhngocd",
                            "members.4": "ejrowley",
                            "members.5": "chrisholmes",
                            "members.6": "thomasalanlee",
                            "members.7": "mmhmm",
                            "members.8": "tlwr",
                            "members.9": "kerrr",
                            "name": "verify-tech-team-tools",
                            "permission": "pull",
                            "privacy": "closed",
                            "slug": "verify-tech-team-tools"
                        },
                        "meta": {},
                        "tainted": false
                    },
                    "deposed": [],
                    "provider": "provider.github"
                }
            },
            "depends_on": []
        },
        {
            "path": [
                "root",
                "mission_performance"
            ],
            "outputs": {
                "teams": {
                    "sensitive": false,
                    "type": "list",
                    "value": [
                        "2826122",
                        "2826127",
                        "2826126",
                        "2826123",
                        "2826125",
                        "2915520",
                        "2915524"
                    ]
                }
            },
            "resources": {
                "data.github_team.teams.0": {
                    "type": "github_team",
                    "depends_on": [],
                    "primary": {
                        "id": "2826122",
                        "attributes": {
                            "description": "Verify tech team: verify-tech-team-core-hub",
                            "id": "2826122",
                            "members.#": "30",
                            "members.0": "46bit",
                            "members.1": "galund",
                            "members.10": "nacnudus",
                            "members.11": "CharlesIC",
                            "members.12": "javindo",
                            "members.13": "simonwo",
                            "members.14": "karlbaker02",
                            "members.15": "Rosa-Fox",
                            "members.16": "andrewchong",
                            "members.17": "kgarwood",
                            "members.18": "ida-build-bot",
                            "members.19": "chrisclayson",
                            "members.2": "phantas",
                            "members.20": "sgreensmith",
                            "members.21": "andy-paine",
                            "members.22": "RacingHippo",
                            "members.23": "bravegrape",
                            "members.24": "adityapahuja",
                            "members.25": "AmritSidhu",
                            "members.26": "callumknights",
                            "members.27": "alan-gds",
                            "members.28": "IreneLau-GDS",
                            "members.29": "jakubmiarka",
                            "members.3": "minhngocd",
                            "members.4": "chrisholmes",
                            "members.5": "thomasalanlee",
                            "members.6": "kerrr",
                            "members.7": "vixus0",
                            "members.8": "robinmitra",
                            "members.9": "brenetic",
                            "name": "verify-tech-team-core-hub",
                            "permission": "pull",
                            "privacy": "closed",
                            "slug": "verify-tech-team-core-hub"
                        },
                        "meta": {},
                        "tainted": false
                    },
                    "deposed": [],
                    "provider": "provider.github"
                },
                "data.github_team.teams.1": {
                    "type": "github_team",
                    "depends_on": [],
                    "primary": {
                        "id": "2826127",
                        "attributes": {
                            "description": "Verify tech team: verify-tech-team-connecting",
                            "id": "2826127",
                            "members.#": "29",
                            "members.0": "galund",
                            "members.1": "phantas",
                            "members.10": "jkunle",
                            "members.11": "ronocg",
                            "members.12": "karlbaker02",
                            "members.13": "Rosa-Fox",
                            "members.14": "ida-build-bot",
                            "members.15": "smford",
                            "members.16": "sgreensmith",
                            "members.17": "blairboy362",
                            "members.18": "andy-paine",
                            "members.19": "RacingHippo",
                            "members.2": "ejrowley",
                            "members.20": "bravegrape",
                            "members.21": "jstandring-gds",
                            "members.22": "adityapahuja",
                            "members.23": "rhowe-gds",
                            "members.24": "AmritSidhu",
                            "members.25": "alan-gds",
                            "members.26": "IreneLau-GDS",
                            "members.27": "matthewcullum-gds",
                            "members.28": "dbes-gds",
                            "members.3": "chrisholmes",
                            "members.4": "thomasalanlee",
                            "members.5": "mmhmm",
                            "members.6": "tlwr",
                            "members.7": "vixus0",
                            "members.8": "robinmitra",
                            "members.9": "brenetic",
                            "name": "verify-tech-team-connecting",
                            "permission": "pull",
                            "privacy": "closed",
                            "slug": "verify-tech-team-connecting"
                        },
                        "meta": {},
                        "tainted": false
                    },
                    "deposed": [],
                    "provider": "provider.github"
                },
                "data.github_team.teams.2": {
                    "type": "github_team",
                    "depends_on": [],
                    "primary": {
                        "id": "2826126",
                        "attributes": {
                            "description": "Verify tech team: verify-tech-team-dcs",
                            "id": "2826126",
                            "members.#": "30",
                            "members.0": "46bit",
                            "members.1": "galund",
                            "members.10": "vixus0",
                            "members.11": "robinmitra",
                            "members.12": "brenetic",
                            "members.13": "CharlesIC",
                            "members.14": "simonwo",
                            "members.15": "ronocg",
                            "members.16": "karlbaker02",
                            "members.17": "Rosa-Fox",
                            "members.18": "andrewchong",
                            "members.19": "kgarwood",
                            "members.2": "phantas",
                            "members.20": "ida-build-bot",
                            "members.21": "smford",
                            "members.22": "sgreensmith",
                            "members.23": "blairboy362",
                            "members.24": "andy-paine",
                            "members.25": "RacingHippo",
                            "members.26": "bravegrape",
                            "members.27": "jstandring-gds",
                            "members.28": "adityapahuja",
                            "members.29": "rhowe-gds",
                            "members.3": "minhngocd",
                            "members.4": "ejrowley",
                            "members.5": "chrisholmes",
                            "members.6": "thomasalanlee",
                            "members.7": "mmhmm",
                            "members.8": "tlwr",
                            "members.9": "kerrr",
                            "name": "verify-tech-team-dcs",
                            "permission": "pull",
                            "privacy": "closed",
                            "slug": "verify-tech-team-dcs"
                        },
                        "meta": {},
                        "tainted": false
                    },
                    "deposed": [],
                    "provider": "provider.github"
                },
                "data.github_team.teams.3": {
                    "type": "github_team",
                    "depends_on": [],
                    "primary": {
                        "id": "2826123",
                        "attributes": {
                            "description": "Verify tech team: verify-tech-team-frontend",
                            "id": "2826123",
                            "members.#": "30",
                            "members.0": "46bit",
                            "members.1": "galund",
                            "members.10": "nacnudus",
                            "members.11": "CharlesIC",
                            "members.12": "javindo",
                            "members.13": "simonwo",
                            "members.14": "karlbaker02",
                            "members.15": "Rosa-Fox",
                            "members.16": "andrewchong",
                            "members.17": "kgarwood",
                            "members.18": "ida-build-bot",
                            "members.19": "chrisclayson",
                            "members.2": "phantas",
                            "members.20": "sgreensmith",
                            "members.21": "andy-paine",
                            "members.22": "RacingHippo",
                            "members.23": "bravegrape",
                            "members.24": "adityapahuja",
                            "members.25": "AmritSidhu",
                            "members.26": "callumknights",
                            "members.27": "alan-gds",
                            "members.28": "IreneLau-GDS",
                            "members.29": "jakubmiarka",
                            "members.3": "minhngocd",
                            "members.4": "chrisholmes",
                            "members.5": "thomasalanlee",
                            "members.6": "kerrr",
                            "members.7": "vixus0",
                            "members.8": "robinmitra",
                            "members.9": "brenetic",
                            "name": "verify-tech-team-frontend",
                            "permission": "pull",
                            "privacy": "closed",
                            "slug": "verify-tech-team-frontend"
                        },
                        "meta": {},
                        "tainted": false
                    },
                    "deposed": [],
                    "provider": "provider.github"
                },
                "data.github_team.teams.4": {
                    "type": "github_team",
                    "depends_on": [],
                    "primary": {
                        "id": "2826125",
                        "attributes": {
                            "description": "Verify tech team: verify-tech-team-infrastructure",
                            "id": "2826125",
                            "members.#": "30",
                            "members.0": "46bit",
                            "members.1": "galund",
                            "members.10": "vixus0",
                            "members.11": "robinmitra",
                            "members.12": "brenetic",
                            "members.13": "nacnudus",
                            "members.14": "CharlesIC",
                            "members.15": "javindo",
                            "members.16": "simonwo",
                            "members.17": "ronocg",
                            "members.18": "karlbaker02",
                            "members.19": "Rosa-Fox",
                            "members.2": "phantas",
                            "members.20": "andrewchong",
                            "members.21": "kgarwood",
                            "members.22": "ida-build-bot",
                            "members.23": "chrisclayson",
                            "members.24": "smford",
                            "members.25": "sgreensmith",
                            "members.26": "blairboy362",
                            "members.27": "andy-paine",
                            "members.28": "RacingHippo",
                            "members.29": "bravegrape",
                            "members.3": "minhngocd",
                            "members.4": "ejrowley",
                            "members.5": "chrisholmes",
                            "members.6": "thomasalanlee",
                            "members.7": "mmhmm",
                            "members.8": "tlwr",
                            "members.9": "kerrr",
                            "name": "verify-tech-team-infrastructure",
                            "permission": "pull",
                            "privacy": "closed",
                            "slug": "verify-tech-team-infrastructure"
                        },
                        "meta": {},
                        "tainted": false
                    },
                    "deposed": [],
                    "provider": "provider.github"
                },
                "data.github_team.teams.5": {
                    "type": "github_team",
                    "depends_on": [],
                    "primary": {
                        "id": "2915520",
                        "attributes": {
                            "description": "Verify tech team: verify-tech-team-performance-dev",
                            "id": "2915520",
                            "members.#": "9",
                            "members.0": "galund",
                            "members.1": "phantas",
                            "members.2": "chrisholmes",
                            "members.3": "thomasalanlee",
                            "members.4": "vixus0",
                            "members.5": "robinmitra",
                            "members.6": "ida-build-bot",
                            "members.7": "andy-paine",
                            "members.8": "IreneLau-GDS",
                            "name": "verify-tech-team-performance-dev",
                            "permission": "pull",
                            "privacy": "closed",
                            "slug": "verify-tech-team-performance-dev"
                        },
                        "meta": {},
                        "tainted": false
                    },
                    "deposed": [],
                    "provider": "provider.github"
                },
                "data.github_team.teams.6": {
                    "type": "github_team",
                    "depends_on": [],
                    "primary": {
                        "id": "2915524",
                        "attributes": {
                            "description": "Verify tech team: verify-tech-team-tools",
                            "id": "2915524",
                            "members.#": "30",
                            "members.0": "46bit",
                            "members.1": "galund",
                            "members.10": "vixus0",
                            "members.11": "robinmitra",
                            "members.12": "brenetic",
                            "members.13": "nacnudus",
                            "members.14": "CharlesIC",
                            "members.15": "javindo",
                            "members.16": "simonwo",
                            "members.17": "ronocg",
                            "members.18": "karlbaker02",
                            "members.19": "Rosa-Fox",
                            "members.2": "phantas",
                            "members.20": "andrewchong",
                            "members.21": "kgarwood",
                            "members.22": "ida-build-bot",
                            "members.23": "chrisclayson",
                            "members.24": "smford",
                            "members.25": "sgreensmith",
                            "members.26": "blairboy362",
                            "members.27": "andy-paine",
                            "members.28": "RacingHippo",
                            "members.29": "bravegrape",
                            "members.3": "minhngocd",
                            "members.4": "ejrowley",
                            "members.5": "chrisholmes",
                            "members.6": "thomasalanlee",
                            "members.7": "mmhmm",
                            "members.8": "tlwr",
                            "members.9": "kerrr",
                            "name": "verify-tech-team-tools",
                            "permission": "pull",
                            "privacy": "closed",
                            "slug": "verify-tech-team-tools"
                        },
                        "meta": {},
                        "tainted": false
                    },
                    "deposed": [],
                    "provider": "provider.github"
                }
            },
            "depends_on": []
        },
        {
            "path": [
                "root",
                "mission_performance_pa"
            ],
            "outputs": {
                "teams": {
                    "sensitive": false,
                    "type": "list",
                    "value": [
                        "2826124"
                    ]
                }
            },
            "resources": {
                "data.github_team.teams": {
                    "type": "github_team",
                    "depends_on": [],
                    "primary": {
                        "id": "2826124",
                        "attributes": {
                            "description": "Verify tech team: verify-tech-team-performance-pa",
                            "id": "2826124",
                            "members.#": "10",
                            "members.0": "chrisholmes",
                            "members.1": "thomasalanlee",
                            "members.2": "zilnhoj",
                            "members.3": "vixus0",
                            "members.4": "AnneCarr",
                            "members.5": "ida-build-bot",
                            "members.6": "andy-paine",
                            "members.7": "sarah-dean",
                            "members.8": "IreneLau-GDS",
                            "members.9": "Mariaslo",
                            "name": "verify-tech-team-performance-pa",
                            "permission": "pull",
                            "privacy": "closed",
                            "slug": "verify-tech-team-performance-pa"
                        },
                        "meta": {},
                        "tainted": false
                    },
                    "deposed": [],
                    "provider": "provider.github"
                }
            },
            "depends_on": []
        },
        {
            "path": [
                "root",
                "mission_re"
            ],
            "outputs": {
                "teams": {
                    "sensitive": false,
                    "type": "list",
                    "value": [
                        "2826127",
                        "2826126",
                        "2826120",
                        "2826125",
                        "2915524"
                    ]
                }
            },
            "resources": {
                "data.github_team.teams.0": {
                    "type": "github_team",
                    "depends_on": [],
                    "primary": {
                        "id": "2826127",
                        "attributes": {
                            "description": "Verify tech team: verify-tech-team-connecting",
                            "id": "2826127",
                            "members.#": "29",
                            "members.0": "galund",
                            "members.1": "phantas",
                            "members.10": "jkunle",
                            "members.11": "ronocg",
                            "members.12": "karlbaker02",
                            "members.13": "Rosa-Fox",
                            "members.14": "ida-build-bot",
                            "members.15": "smford",
                            "members.16": "sgreensmith",
                            "members.17": "blairboy362",
                            "members.18": "andy-paine",
                            "members.19": "RacingHippo",
                            "members.2": "ejrowley",
                            "members.20": "bravegrape",
                            "members.21": "jstandring-gds",
                            "members.22": "adityapahuja",
                            "members.23": "rhowe-gds",
                            "members.24": "AmritSidhu",
                            "members.25": "alan-gds",
                            "members.26": "IreneLau-GDS",
                            "members.27": "matthewcullum-gds",
                            "members.28": "dbes-gds",
                            "members.3": "chrisholmes",
                            "members.4": "thomasalanlee",
                            "members.5": "mmhmm",
                            "members.6": "tlwr",
                            "members.7": "vixus0",
                            "members.8": "robinmitra",
                            "members.9": "brenetic",
                            "name": "verify-tech-team-connecting",
                            "permission": "pull",
                            "privacy": "closed",
                            "slug": "verify-tech-team-connecting"
                        },
                        "meta": {},
                        "tainted": false
                    },
                    "deposed": [],
                    "provider": "provider.github"
                },
                "data.github_team.teams.1": {
                    "type": "github_team",
                    "depends_on": [],
                    "primary": {
                        "id": "2826126",
                        "attributes": {
                            "description": "Verify tech team: verify-tech-team-dcs",
                            "id": "2826126",
                            "members.#": "30",
                            "members.0": "46bit",
                            "members.1": "galund",
                            "members.10": "vixus0",
                            "members.11": "robinmitra",
                            "members.12": "brenetic",
                            "members.13": "CharlesIC",
                            "members.14": "simonwo",
                            "members.15": "ronocg",
                            "members.16": "karlbaker02",
                            "members.17": "Rosa-Fox",
                            "members.18": "andrewchong",
                            "members.19": "kgarwood",
                            "members.2": "phantas",
                            "members.20": "ida-build-bot",
                            "members.21": "smford",
                            "members.22": "sgreensmith",
                            "members.23": "blairboy362",
                            "members.24": "andy-paine",
                            "members.25": "RacingHippo",
                            "members.26": "bravegrape",
                            "members.27": "jstandring-gds",
                            "members.28": "adityapahuja",
                            "members.29": "rhowe-gds",
                            "members.3": "minhngocd",
                            "members.4": "ejrowley",
                            "members.5": "chrisholmes",
                            "members.6": "thomasalanlee",
                            "members.7": "mmhmm",
                            "members.8": "tlwr",
                            "members.9": "kerrr",
                            "name": "verify-tech-team-dcs",
                            "permission": "pull",
                            "privacy": "closed",
                            "slug": "verify-tech-team-dcs"
                        },
                        "meta": {},
                        "tainted": false
                    },
                    "deposed": [],
                    "provider": "provider.github"
                },
                "data.github_team.teams.2": {
                    "type": "github_team",
                    "depends_on": [],
                    "primary": {
                        "id": "2826120",
                        "attributes": {
                            "description": "Verify tech team: verify-tech-team-eidas-middleware",
                            "id": "2826120",
                            "members.#": "24",
                            "members.0": "46bit",
                            "members.1": "minhngocd",
                            "members.10": "simonwo",
                            "members.11": "ronocg",
                            "members.12": "andrewchong",
                            "members.13": "kgarwood",
                            "members.14": "ida-build-bot",
                            "members.15": "smford",
                            "members.16": "blairboy362",
                            "members.17": "andy-paine",
                            "members.18": "jstandring-gds",
                            "members.19": "rhowe-gds",
                            "members.2": "ejrowley",
                            "members.20": "IreneLau-GDS",
                            "members.21": "guruchand",
                            "members.22": "JHjava",
                            "members.23": "matthewcullum-gds",
                            "members.3": "chrisholmes",
                            "members.4": "thomasalanlee",
                            "members.5": "mmhmm",
                            "members.6": "tlwr",
                            "members.7": "kerrr",
                            "members.8": "vixus0",
                            "members.9": "CharlesIC",
                            "name": "verify-tech-team-eidas-middleware",
                            "permission": "pull",
                            "privacy": "closed",
                            "slug": "verify-tech-team-eidas-middleware"
                        },
                        "meta": {},
                        "tainted": false
                    },
                    "deposed": [],
                    "provider": "provider.github"
                },
                "data.github_team.teams.3": {
                    "type": "github_team",
                    "depends_on": [],
                    "primary": {
                        "id": "2826125",
                        "attributes": {
                            "description": "Verify tech team: verify-tech-team-infrastructure",
                            "id": "2826125",
                            "members.#": "30",
                            "members.0": "46bit",
                            "members.1": "galund",
                            "members.10": "vixus0",
                            "members.11": "robinmitra",
                            "members.12": "brenetic",
                            "members.13": "nacnudus",
                            "members.14": "CharlesIC",
                            "members.15": "javindo",
                            "members.16": "simonwo",
                            "members.17": "ronocg",
                            "members.18": "karlbaker02",
                            "members.19": "Rosa-Fox",
                            "members.2": "phantas",
                            "members.20": "andrewchong",
                            "members.21": "kgarwood",
                            "members.22": "ida-build-bot",
                            "members.23": "chrisclayson",
                            "members.24": "smford",
                            "members.25": "sgreensmith",
                            "members.26": "blairboy362",
                            "members.27": "andy-paine",
                            "members.28": "RacingHippo",
                            "members.29": "bravegrape",
                            "members.3": "minhngocd",
                            "members.4": "ejrowley",
                            "members.5": "chrisholmes",
                            "members.6": "thomasalanlee",
                            "members.7": "mmhmm",
                            "members.8": "tlwr",
                            "members.9": "kerrr",
                            "name": "verify-tech-team-infrastructure",
                            "permission": "pull",
                            "privacy": "closed",
                            "slug": "verify-tech-team-infrastructure"
                        },
                        "meta": {},
                        "tainted": false
                    },
                    "deposed": [],
                    "provider": "provider.github"
                },
                "data.github_team.teams.4": {
                    "type": "github_team",
                    "depends_on": [],
                    "primary": {
                        "id": "2915524",
                        "attributes": {
                            "description": "Verify tech team: verify-tech-team-tools",
                            "id": "2915524",
                            "members.#": "30",
                            "members.0": "46bit",
                            "members.1": "galund",
                            "members.10": "vixus0",
                            "members.11": "robinmitra",
                            "members.12": "brenetic",
                            "members.13": "nacnudus",
                            "members.14": "CharlesIC",
                            "members.15": "javindo",
                            "members.16": "simonwo",
                            "members.17": "ronocg",
                            "members.18": "karlbaker02",
                            "members.19": "Rosa-Fox",
                            "members.2": "phantas",
                            "members.20": "andrewchong",
                            "members.21": "kgarwood",
                            "members.22": "ida-build-bot",
                            "members.23": "chrisclayson",
                            "members.24": "smford",
                            "members.25": "sgreensmith",
                            "members.26": "blairboy362",
                            "members.27": "andy-paine",
                            "members.28": "RacingHippo",
                            "members.29": "bravegrape",
                            "members.3": "minhngocd",
                            "members.4": "ejrowley",
                            "members.5": "chrisholmes",
                            "members.6": "thomasalanlee",
                            "members.7": "mmhmm",
                            "members.8": "tlwr",
                            "members.9": "kerrr",
                            "name": "verify-tech-team-tools",
                            "permission": "pull",
                            "privacy": "closed",
                            "slug": "verify-tech-team-tools"
                        },
                        "meta": {},
                        "tainted": false
                    },
                    "deposed": [],
                    "provider": "provider.github"
                }
            },
            "depends_on": []
        },
        {
            "path": [
                "root",
                "user_46bit"
            ],
            "outputs": {},
            "resources": {
                "data.github_user.user": {
                    "type": "github_user",
                    "depends_on": [],
                    "primary": {
                        "id": "163111",
                        "attributes": {
                            "avatar_url": "https://avatars1.githubusercontent.com/u/163111?v=4",
                            "bio": "engineering for reliability at @gdsteam. they/them. autistic, agender and Rustacean. lover of drawing, porgs and cycling.",
                            "blog": "https://46b.it",
                            "company": "",
                            "email": "hi@46b.it",
                            "followers": "65",
                            "following": "83",
                            "gpg_keys.#": "2",
                            "gpg_keys.0": "xsFNBFiyP5oBEADNPiWiPaoSQ4JeklQv+TOazLAA6kbKyetk/A2vEq0vr4ZjiS6LBkNzoZRFOAhtJRomH9wds1TXvLZihEvEjsh0LhOTFTI8NBv7Jqu1qnXI6VAWsn5nnvds2XtcvogaD4y9FQWjU7Mh7IttuF9LhhiZ8L63Lp4TcG3rDXiNu85cQag0Our1Up5CVFEWIBPzN8HCoKqVuL7oljxJuDyw4yrc9qSMNf+q4NsRIrClaUo3QTvI0zmJxmDLhcYZi/nxCTSKaGP9DSDOHNd6oz86icj17iPajnzkXciT5aLcsoMLLiifpvkfUa0wrM2s/rw8k5hmxRdIqXRPvAvhrVoWIDcOwwE5PfhSXjqYXqGGMtQAzxerh8QFtZqMVQ8mAAGSt9xZljnG+YJu23uU56CI8cMQ8Qa7UECtHndoM4QCmbIT8F3kIXB4fN0yTMJ/LTqF1o1wy83vprNtV8LOsq/dC4/JadHN5FRhhKoDvqb8z0wCAyXNo1NDWOxP7p5FFYHwGdUZLAbhNh3UTNXRZazXDfmPOii3SrpbtJW3gMp9rZVBWHoADqmBk78x//n2lV1IY/Ui311/KFJ1uae9a5NZAmlpLOQUCHHa8GJfNZyGszE7ZhqiZ3L/b5d5xpNUn4kAUbOgMWMlIvTiP4T/3NRdDur7UIzk7qMUWriirBcXWfTkPwARAQAB",
                            "gpg_keys.1": "xsFNBFljSm4BEAC/C/+Nv3p5FqHMyGgvwKEyKqNwov1cxail3yNATZGqKZFR6Pj0yhM7hjoDux1Yo34hv/0G0/k65CTXdhqnxv7wnCV1N8L+m6/tfo2LTIzSWI6Fu/BxivLxBHoS6e9wrzL2UY15eXoHy4T6afwtbl4s22tu+9Jwb5BWYcPuquyYWLglRjjyF7MO6YTbkwBJxSsr9gStr3SnNmf+xsHcbqNkd4Hxz1uPUGyWGZGdw6hI4qiNq9IeKQtFSqEo10U+bnyVjdC9LVzuF+6pl6BCSfWS34QdVnkLbcPUhPqKNAGotsQFxim06bcq7r+vrHYrO8jm4oDvRUVWTeTDchiKWxaSiKKbSiHEazSKUsO/Sy1/3JQ+wexWPKr6+ac7/XFD08jRz15vDNuGZmODs/cKBTz1///mWShzOsDeqTd/PqlTVbpON7gVSoPJ+rzp1Y0Rp/0ELunnuc1PYibgvGjmaHQjrn0kMGbmiGK5gY8mJDYnReH1ZZ8dOnPGJXqRpXTNn54w14viZktampz6xn+EyqRmGACiZIjK9yCQKtn/LAiK8XEsY/hXgWYg1uW/xF0bYk4RJXRrggBDAT3OPcXfdAKQOWHZeT2NtsjL7dn8Rc2d+fzB2yDRJDY3dMyR6bxD5BxEaYd8AxjNhSmqFcGrCa3aewAV92ed3vB8dI7a9IzlJwARAQAB",
                            "gravatar_id": "",
                            "id": "163111",
                            "location": "London, UK",
                            "login": "46bit",
                            "name": "Michael Mokrysz",
                            "public_gists": "100",
                            "public_repos": "57",
                            "site_admin": "false",
                            "ssh_keys.#": "3",
                            "ssh_keys.0": "ssh-rsa AAAAB3NzaC1yc2EAAAADAQABAAABAQDKZpV/AWPtrL9kRj/lz0KOcWVI1piAUJZIlGnR2NUonSkTke7NF1Pwp62+P7/pRx2eQHiApnUhZG/FMwcF58429vYt+vKEGieNerkjopj2jDg3PgNhFR7Gb4D5DpxzFHP8ln9botdTBVVnWzb4OEWIZAc4nmeoe2MhsKPLECmZxTGWk4ydI/Kwlg6nM5JXaSMMv7liFrlQ958L6dnXIBLEIeHsb0kxxDfrGOAbDmST80oeeDm+OKRqh2mH3QRqMTq+a0yAFg3szE/IcK9eP9HPoxCLxRzEGlWTrwcxle+xQ6DkJ45+87B1H5lmeHf/T+E8nC7w1CNxIyRTFcJeeDR/",
                            "ssh_keys.1": "ssh-rsa AAAAB3NzaC1yc2EAAAADAQABAAABAQDl3s62rsvyfXj3yLjLyeDVHPfAhBNjznjHPtZ+EhCHpq3c9I8Hp5pzLZJyTt1x0qj41Qweur8KpYxQ/EABjdUmZh69T/Vd8YrPIcfpnOPXRkFQogTFifL1ZC3I/JPtlmOADsxHCeghYQgxoZ8uAnVUxiNSS0Ni+SupyvWhITrbBvsRuTIw8Xmny/jzJnJe/CJjxE2cf0GBqDwVYW1vG2PNHTFNJYAQ7bYx6lhwbhNeaSTvGlhLlJrgA0GgJYUDL8b7vpAKarey8vTqk7cBJ6Wh1Eb880kM8dcNkmXsj7X3IjESC1/aQb535n3hbDon+uNyb9Mmkp5EYOnoEdQ+uMyP",
                            "ssh_keys.2": "ssh-rsa AAAAB3NzaC1yc2EAAAADAQABAAABAQDRTKpxynraZHo4taiGEAA1Pyki9Bq+jp6HpNBimD1Ou/dcVnmDfzuicR5a4vBXlQwH6vQ0wvNd82BzLvVqSW5+iOWKD8ExAO2vFhAa3UsiA+HT7hVCsdTBfn1ugnDW6rmozH9h1DHSA7Kyj7oaHVQZ3f9xAQN9aOuZk4DPXguG5W51h24hG10PpGuMA13m6jLF16FDwd3xs4bYBoq8m+GwOJyNiCFp2OnYsOKfqCbtQWvERvWNw4IJjDQc4P+cUPR5TFDjRUOeg1mqgAfG4R4X4TvzVIrXhrF7THK3S68X4tHT7DM9Di2A3isBcWMFsogylcQwNq2HgBkMxmdSkx5d",
                            "username": "46bit"
                        },
                        "meta": {},
                        "tainted": false
                    },
                    "deposed": [],
                    "provider": "provider.github"
                },
                "github_membership.org_membership": {
                    "type": "github_membership",
                    "depends_on": [],
                    "primary": {
                        "id": "alphagov:46bit",
                        "attributes": {
                            "etag": "W/\"95ce5a86f81dab2d7ef0dc433da58c26\"",
                            "id": "alphagov:46bit",
                            "role": "member",
                            "username": "46bit"
                        },
                        "meta": {},
                        "tainted": false
                    },
                    "deposed": [],
                    "provider": "provider.github"
                },
                "github_team_membership.team_membership.0": {
                    "type": "github_team_membership",
                    "depends_on": [],
                    "primary": {
                        "id": "2826122:46bit",
                        "attributes": {
                            "etag": "W/\"3247d46d4f386454374f2dd00a9f1ed0\"",
                            "id": "2826122:46bit",
                            "role": "member",
                            "team_id": "2826122",
                            "username": "46bit"
                        },
                        "meta": {},
                        "tainted": false
                    },
                    "deposed": [],
                    "provider": "provider.github"
                },
                "github_team_membership.team_membership.1": {
                    "type": "github_team_membership",
                    "depends_on": [],
                    "primary": {
                        "id": "2826121:46bit",
                        "attributes": {
                            "etag": "W/\"b6edd89d023e4f516fa404e9cdbeeae0\"",
                            "id": "2826121:46bit",
                            "role": "member",
                            "team_id": "2826121",
                            "username": "46bit"
                        },
                        "meta": {},
                        "tainted": false
                    },
                    "deposed": [],
                    "provider": "provider.github"
                },
                "github_team_membership.team_membership.2": {
                    "type": "github_team_membership",
                    "depends_on": [],
                    "primary": {
                        "id": "2826120:46bit",
                        "attributes": {
                            "etag": "W/\"55d103e80a44d5ac60470101a7ea9161\"",
                            "id": "2826120:46bit",
                            "role": "member",
                            "team_id": "2826120",
                            "username": "46bit"
                        },
                        "meta": {},
                        "tainted": false
                    },
                    "deposed": [],
                    "provider": "provider.github"
                },
                "github_team_membership.team_membership.3": {
                    "type": "github_team_membership",
                    "depends_on": [],
                    "primary": {
                        "id": "2826126:46bit",
                        "attributes": {
                            "etag": "W/\"dfaeefe20ba6f065575ff18ff2bc9e21\"",
                            "id": "2826126:46bit",
                            "role": "member",
                            "team_id": "2826126",
                            "username": "46bit"
                        },
                        "meta": {},
                        "tainted": false
                    },
                    "deposed": [],
                    "provider": "provider.github"
                },
                "github_team_membership.team_membership.4": {
                    "type": "github_team_membership",
                    "depends_on": [],
                    "primary": {
                        "id": "2826123:46bit",
                        "attributes": {
                            "etag": "W/\"efe297945b12ed68ece2c4e604810fa0\"",
                            "id": "2826123:46bit",
                            "role": "member",
                            "team_id": "2826123",
                            "username": "46bit"
                        },
                        "meta": {},
                        "tainted": false
                    },
                    "deposed": [],
                    "provider": "provider.github"
                },
                "github_team_membership.team_membership.5": {
                    "type": "github_team_membership",
                    "depends_on": [],
                    "primary": {
                        "id": "2826125:46bit",
                        "attributes": {
                            "etag": "W/\"867802554d3f2cf93cb3851db2fd6f82\"",
                            "id": "2826125:46bit",
                            "role": "member",
                            "team_id": "2826125",
                            "username": "46bit"
                        },
                        "meta": {},
                        "tainted": false
                    },
                    "deposed": [],
                    "provider": "provider.github"
                },
                "github_team_membership.team_membership.6": {
                    "type": "github_team_membership",
                    "depends_on": [],
                    "primary": {
                        "id": "2915524:46bit",
                        "attributes": {
                            "etag": "W/\"6a5b28f6224150e02605eb3985c80466\"",
                            "id": "2915524:46bit",
                            "role": "member",
                            "team_id": "2915524",
                            "username": "46bit"
                        },
                        "meta": {},
                        "tainted": false
                    },
                    "deposed": [],
                    "provider": "provider.github"
                }
            },
            "depends_on": []
        },
        {
            "path": [
                "root",
                "user_adityapahuja"
            ],
            "outputs": {},
            "resources": {
                "data.github_user.user": {
                    "type": "github_user",
                    "depends_on": [],
                    "primary": {
                        "id": "19972046",
                        "attributes": {
                            "avatar_url": "https://avatars2.githubusercontent.com/u/19972046?v=4",
                            "bio": "",
                            "blog": "",
                            "company": "",
                            "email": "",
                            "followers": "0",
                            "following": "0",
                            "gpg_keys.#": "0",
                            "gravatar_id": "",
                            "id": "19972046",
                            "location": "",
                            "login": "adityapahuja",
                            "name": "",
                            "public_gists": "0",
                            "public_repos": "1",
                            "site_admin": "false",
                            "ssh_keys.#": "1",
                            "ssh_keys.0": "ssh-rsa AAAAB3NzaC1yc2EAAAADAQABAAACAQDZIeNBuz1IYtQR8ZSxt+2reWZ3zgWJNjLNeQxgm/CdQz68GROkGGbHCGUd77is2dSL7NiFbibrCYSsJtjwzTYC1c3ZXHBOfsdBHOql0NvHYB16mAJq7no4ZrfBlO4jzIQHTjqEg9jPdp0mIMaOy4K90QO6aAxW/O31knyNC5mdZ0sPYl66DD3vzECyibaR5YW/ag42UvcFZkzdbMD/vwoq5qQVkVY+yG+R+ILMYqpMzLMeKXXRwTLEZuDdEvRcBZkyIrZfRHfrhyCA3o0ekkeFVTi11UtHtOJ/7W/FjqyQlQal6X5YGwy15kRvUqt2FuUThmZB+Gg7i2t3k2KEILFKVjCkJ748d12LurbjgO1812TvbzAAKWclzgjDNu8YuCRMYY3H1lizDqSmjk5eIMiJTRHrnoeeZ1S5to6G42YVa1Kpw18EOEWOLrLX2MCW6NCp4yi0tkxScQ6U0IyjqzNBhCLSp21JOnKNowzkIxH4LFS+E+8TMCblJJWjjbOI78iFYX0DVtYshOi2tqBo8eNTf63D28lLpAbFq6bzkX9xfHMmxVeiTrNJSfYDiMVyuX6yzV2418BosPUvI+1qwPZ44rvXyaK+XVwuy6ri6Wnc/zEXLnUgxOZ8Tf9TsXLADyd1KBCqqBRuJb1bd1emOc5GSTgj0edjirVtesK3R634wQ==",
                            "username": "adityapahuja"
                        },
                        "meta": {},
                        "tainted": false
                    },
                    "deposed": [],
                    "provider": "provider.github"
                },
                "github_membership.org_membership": {
                    "type": "github_membership",
                    "depends_on": [],
                    "primary": {
                        "id": "alphagov:adityapahuja",
                        "attributes": {
                            "etag": "W/\"db3147fb90fc14f98d08e7a0a5e9cac2\"",
                            "id": "alphagov:adityapahuja",
                            "role": "member",
                            "username": "adityapahuja"
                        },
                        "meta": {},
                        "tainted": false
                    },
                    "deposed": [],
                    "provider": "provider.github"
                },
                "github_team_membership.team_membership.0": {
                    "type": "github_team_membership",
                    "depends_on": [],
                    "primary": {
                        "id": "2826127:adityapahuja",
                        "attributes": {
                            "etag": "W/\"6ddb01d8416bd7b0b0b7d600d81bac42\"",
                            "id": "2826127:adityapahuja",
                            "role": "member",
                            "team_id": "2826127",
                            "username": "adityapahuja"
                        },
                        "meta": {},
                        "tainted": false
                    },
                    "deposed": [],
                    "provider": "provider.github"
                },
                "github_team_membership.team_membership.1": {
                    "type": "github_team_membership",
                    "depends_on": [],
                    "primary": {
                        "id": "2826126:adityapahuja",
                        "attributes": {
                            "etag": "W/\"f0444e47b54c4129cb2b2c54c675c9ab\"",
                            "id": "2826126:adityapahuja",
                            "role": "member",
                            "team_id": "2826126",
                            "username": "adityapahuja"
                        },
                        "meta": {},
                        "tainted": false
                    },
                    "deposed": [],
                    "provider": "provider.github"
                },
                "github_team_membership.team_membership.2": {
                    "type": "github_team_membership",
                    "depends_on": [],
                    "primary": {
                        "id": "2826120:adityapahuja",
                        "attributes": {
                            "etag": "W/\"f5826d52790958a7f44409cc2a3f9872\"",
                            "id": "2826120:adityapahuja",
                            "role": "member",
                            "team_id": "2826120",
                            "username": "adityapahuja"
                        },
                        "meta": {},
                        "tainted": false
                    },
                    "deposed": [],
                    "provider": "provider.github"
                },
                "github_team_membership.team_membership.3": {
                    "type": "github_team_membership",
                    "depends_on": [],
                    "primary": {
                        "id": "2826125:adityapahuja",
                        "attributes": {
                            "etag": "W/\"f0930e1506f57aa8e38582908061149b\"",
                            "id": "2826125:adityapahuja",
                            "role": "member",
                            "team_id": "2826125",
                            "username": "adityapahuja"
                        },
                        "meta": {},
                        "tainted": false
                    },
                    "deposed": [],
                    "provider": "provider.github"
                },
                "github_team_membership.team_membership.4": {
                    "type": "github_team_membership",
                    "depends_on": [],
                    "primary": {
                        "id": "2915524:adityapahuja",
                        "attributes": {
                            "etag": "W/\"19707cf2f411b5c5d70cce4f14c4a100\"",
                            "id": "2915524:adityapahuja",
                            "role": "member",
                            "team_id": "2915524",
                            "username": "adityapahuja"
                        },
                        "meta": {},
                        "tainted": false
                    },
                    "deposed": [],
                    "provider": "provider.github"
                }
            },
            "depends_on": []
        },
        {
            "path": [
                "root",
                "user_alan_gds"
            ],
            "outputs": {},
            "resources": {
                "data.github_user.user": {
                    "type": "github_user",
                    "depends_on": [],
                    "primary": {
                        "id": "26431837",
                        "attributes": {
                            "avatar_url": "https://avatars0.githubusercontent.com/u/26431837?v=4",
                            "bio": "",
                            "blog": "",
                            "company": "",
                            "email": "",
                            "followers": "0",
                            "following": "0",
                            "gpg_keys.#": "0",
                            "gravatar_id": "",
                            "id": "26431837",
                            "location": "",
                            "login": "alan-gds",
                            "name": "",
                            "public_gists": "0",
                            "public_repos": "0",
                            "site_admin": "false",
                            "ssh_keys.#": "1",
                            "ssh_keys.0": "ssh-rsa AAAAB3NzaC1yc2EAAAADAQABAAACAQCeAvAQAnPAQqel8OZaTVSIieqo8pO17hPmV+v7hGlCWb5wuImdum4Wb/6FcTHXpVg/BRE4cbJNzVWyTSOaZdxSOAKEJwEzYBJMG0Fy7gXQPzsT3SQsIicDB0TwqlpubVzJVYESxh8twEMguEUpGxFNftg2rWEKwwdBfsQajwEVLx2Aj6l+TzN4yo2HiosooPbpt8mlNr5DzhXNFMq0yvgUDfTGHOTSRIhQlNHw9umJmWtVroeKkC955PuRqKYa6enB5UgoaukXph5YMoYZWxzIg5NCeSTZqFG8b26kPQ0E0ViQ4zE/niIcafL8OWoPm8NhyCUBLC1DGEX46xwHh5xPiNunLR4HCqRQb6+1H/vCwV6TZMClY66cyEEmgvEBwt5d9urLoZH2VYWBOfxrjeydvrL9OLHddGsEhQ+IH6xxOp1RyOYJpuWkdUwGh+PLqLLRUarcZi/jRxFCA6I0HlkkNF5sEJqaD74Od4J7J9oyTBi+fwIN9gqjI0VGJ4CHRzkxyq/6fQdTpbsayd+b5C3ruvfTT+IwxaFbm8L7YbTgpZ3y4pTSYOxOGN9LYRVx8zQVFm/FYKvdM6oruI1iMuNR7nwbT3VY16uHkl1pTlLUR4rWfMs7PBBmUy3sGpixj2i2RM1Hgv2tJ3qoP9KUAmRHwKKPC68KWAXrFaMSuSK49w==",
                            "username": "alan-gds"
                        },
                        "meta": {},
                        "tainted": false
                    },
                    "deposed": [],
                    "provider": "provider.github"
                },
                "github_membership.org_membership": {
                    "type": "github_membership",
                    "depends_on": [],
                    "primary": {
                        "id": "alphagov:alan-gds",
                        "attributes": {
                            "etag": "W/\"12f7d17e3e9fc2f86a1346e9e22598e0\"",
                            "id": "alphagov:alan-gds",
                            "role": "member",
                            "username": "alan-gds"
                        },
                        "meta": {},
                        "tainted": false
                    },
                    "deposed": [],
                    "provider": "provider.github"
                },
                "github_team_membership.team_membership.0": {
                    "type": "github_team_membership",
                    "depends_on": [],
                    "primary": {
                        "id": "2826122:alan-gds",
                        "attributes": {
                            "etag": "W/\"2e8d38b28c36111141019137b9a37aaa\"",
                            "id": "2826122:alan-gds",
                            "role": "member",
                            "team_id": "2826122",
                            "username": "alan-gds"
                        },
                        "meta": {},
                        "tainted": false
                    },
                    "deposed": [],
                    "provider": "provider.github"
                },
                "github_team_membership.team_membership.1": {
                    "type": "github_team_membership",
                    "depends_on": [],
                    "primary": {
                        "id": "2826127:alan-gds",
                        "attributes": {
                            "etag": "W/\"4f0b5d3c447a92cd7c22b2c5a46cc570\"",
                            "id": "2826127:alan-gds",
                            "role": "member",
                            "team_id": "2826127",
                            "username": "alan-gds"
                        },
                        "meta": {},
                        "tainted": false
                    },
                    "deposed": [],
                    "provider": "provider.github"
                },
                "github_team_membership.team_membership.2": {
                    "type": "github_team_membership",
                    "depends_on": [],
                    "primary": {
                        "id": "2826126:alan-gds",
                        "attributes": {
                            "etag": "W/\"8a492ac1d369d241fd462ad00c8517ca\"",
                            "id": "2826126:alan-gds",
                            "role": "member",
                            "team_id": "2826126",
                            "username": "alan-gds"
                        },
                        "meta": {},
                        "tainted": false
                    },
                    "deposed": [],
                    "provider": "provider.github"
                },
                "github_team_membership.team_membership.3": {
                    "type": "github_team_membership",
                    "depends_on": [],
                    "primary": {
                        "id": "2826123:alan-gds",
                        "attributes": {
                            "etag": "W/\"2179c7bb569c263b4a0d0c626aa929b9\"",
                            "id": "2826123:alan-gds",
                            "role": "member",
                            "team_id": "2826123",
                            "username": "alan-gds"
                        },
                        "meta": {},
                        "tainted": false
                    },
                    "deposed": [],
                    "provider": "provider.github"
                },
                "github_team_membership.team_membership.4": {
                    "type": "github_team_membership",
                    "depends_on": [],
                    "primary": {
                        "id": "2826125:alan-gds",
                        "attributes": {
                            "etag": "W/\"e4ecb2efbfe39b1cf9be5b7218109312\"",
                            "id": "2826125:alan-gds",
                            "role": "member",
                            "team_id": "2826125",
                            "username": "alan-gds"
                        },
                        "meta": {},
                        "tainted": false
                    },
                    "deposed": [],
                    "provider": "provider.github"
                },
                "github_team_membership.team_membership.5": {
                    "type": "github_team_membership",
                    "depends_on": [],
                    "primary": {
                        "id": "2915524:alan-gds",
                        "attributes": {
                            "etag": "W/\"f51c25d9eeca7b91b39ac52b9fb11f50\"",
                            "id": "2915524:alan-gds",
                            "role": "member",
                            "team_id": "2915524",
                            "username": "alan-gds"
                        },
                        "meta": {},
                        "tainted": false
                    },
                    "deposed": [],
                    "provider": "provider.github"
                }
            },
            "depends_on": []
        },
        {
            "path": [
                "root",
                "user_amritsidhu"
            ],
            "outputs": {},
            "resources": {
                "data.github_user.user": {
                    "type": "github_user",
                    "depends_on": [],
                    "primary": {
                        "id": "24409958",
                        "attributes": {
                            "avatar_url": "https://avatars1.githubusercontent.com/u/24409958?v=4",
                            "bio": "",
                            "blog": "",
                            "company": "",
                            "email": "",
                            "followers": "2",
                            "following": "6",
                            "gpg_keys.#": "0",
                            "gravatar_id": "",
                            "id": "24409958",
                            "location": "",
                            "login": "AmritSidhu",
                            "name": "",
                            "public_gists": "0",
                            "public_repos": "25",
                            "site_admin": "false",
                            "ssh_keys.#": "1",
                            "ssh_keys.0": "ssh-rsa AAAAB3NzaC1yc2EAAAADAQABAAACAQDBNTljG5xylFSHbeG+7U4RLB1wMsUbPFvP4twTrY2VQhHN3RdpIuxiOvgz+oRhUNJjG/JRXcH63gvbrtEuekdqYy1lgi5MwDgOnYT4o0SzjIVR796fgRDsWM4nL1Bnz8G94A7ZQWXtdxYuEKCbiw8xCapQByPSEVR3AT2BrgbNKjYZ8nqTNQGVphl3J+hElbv7q9YEY4ywJQ45K660897QxSK1gOJ2XD3y0OjZDr1Goxz0jFZyVFgqqSNu12sq3S4tOppi3KVe3x0XMXizxu5heu7FVgzInBMKaWhlupn06ZJuZ+5vDrI/NGFMvzNipR7liOs4Mwj9X/YViMaFi5/jYjDNk5YK3Ia5KxGnNJ9Dz6zO2N72nRQToVl29iaO8TaYA1QvdF+ZM+hdw8f2wZbB5UVlr+ubA8lczL2pnPQ/L4x2zMMWho0boETM+TBlRApeUv+b97PQsZHlfCN1JOpe/JBrxSXLORxkMzHp1pxWZ8FZYHOzoQPG9Cg5tmd7VuQtIY8z7f4IDBhFnz0T918Iv0lVQmYBYUk+l/WKHox3sTU+tswFvYaHmw3tux7tFn6Ka0fn2flw0u1G0LErNWDnY955547LGh82HzknYwlLwI7X0+6wJUj5+ZRw8nO8WsFlv1IHVIZPttGVsVRxtVpZJqWqmqKyX7ZxfE9saJPuaw==",
                            "username": "AmritSidhu"
                        },
                        "meta": {},
                        "tainted": false
                    },
                    "deposed": [],
                    "provider": "provider.github"
                },
                "github_membership.org_membership": {
                    "type": "github_membership",
                    "depends_on": [],
                    "primary": {
                        "id": "alphagov:AmritSidhu",
                        "attributes": {
                            "etag": "W/\"42de164554df4f5264ab51d2306025ce\"",
                            "id": "alphagov:AmritSidhu",
                            "role": "member",
                            "username": "AmritSidhu"
                        },
                        "meta": {},
                        "tainted": false
                    },
                    "deposed": [],
                    "provider": "provider.github"
                },
                "github_team_membership.team_membership.0": {
                    "type": "github_team_membership",
                    "depends_on": [],
                    "primary": {
                        "id": "2826122:AmritSidhu",
                        "attributes": {
                            "etag": "W/\"65b3f4a0e3006db125628d212242372e\"",
                            "id": "2826122:AmritSidhu",
                            "role": "member",
                            "team_id": "2826122",
                            "username": "AmritSidhu"
                        },
                        "meta": {},
                        "tainted": false
                    },
                    "deposed": [],
                    "provider": "provider.github"
                },
                "github_team_membership.team_membership.1": {
                    "type": "github_team_membership",
                    "depends_on": [],
                    "primary": {
                        "id": "2826127:AmritSidhu",
                        "attributes": {
                            "etag": "W/\"b98ad9f333a9549884711d1425aedc60\"",
                            "id": "2826127:AmritSidhu",
                            "role": "member",
                            "team_id": "2826127",
                            "username": "AmritSidhu"
                        },
                        "meta": {},
                        "tainted": false
                    },
                    "deposed": [],
                    "provider": "provider.github"
                },
                "github_team_membership.team_membership.2": {
                    "type": "github_team_membership",
                    "depends_on": [],
                    "primary": {
                        "id": "2826126:AmritSidhu",
                        "attributes": {
                            "etag": "W/\"4a8a79d04ab9a0685f41b7b66836d787\"",
                            "id": "2826126:AmritSidhu",
                            "role": "member",
                            "team_id": "2826126",
                            "username": "AmritSidhu"
                        },
                        "meta": {},
                        "tainted": false
                    },
                    "deposed": [],
                    "provider": "provider.github"
                },
                "github_team_membership.team_membership.3": {
                    "type": "github_team_membership",
                    "depends_on": [],
                    "primary": {
                        "id": "2826123:AmritSidhu",
                        "attributes": {
                            "etag": "W/\"7228f44069515278b4ec3160c8fe6c37\"",
                            "id": "2826123:AmritSidhu",
                            "role": "member",
                            "team_id": "2826123",
                            "username": "AmritSidhu"
                        },
                        "meta": {},
                        "tainted": false
                    },
                    "deposed": [],
                    "provider": "provider.github"
                },
                "github_team_membership.team_membership.4": {
                    "type": "github_team_membership",
                    "depends_on": [],
                    "primary": {
                        "id": "2826125:AmritSidhu",
                        "attributes": {
                            "etag": "W/\"04e73f0c1a85f1b3873aa51a915db8ac\"",
                            "id": "2826125:AmritSidhu",
                            "role": "member",
                            "team_id": "2826125",
                            "username": "AmritSidhu"
                        },
                        "meta": {},
                        "tainted": false
                    },
                    "deposed": [],
                    "provider": "provider.github"
                },
                "github_team_membership.team_membership.5": {
                    "type": "github_team_membership",
                    "depends_on": [],
                    "primary": {
                        "id": "2915524:AmritSidhu",
                        "attributes": {
                            "etag": "W/\"654b137102d0d195afeb92d9cec21c70\"",
                            "id": "2915524:AmritSidhu",
                            "role": "member",
                            "team_id": "2915524",
                            "username": "AmritSidhu"
                        },
                        "meta": {},
                        "tainted": false
                    },
                    "deposed": [],
                    "provider": "provider.github"
                }
            },
            "depends_on": []
        },
        {
            "path": [
                "root",
                "user_andrewchong"
            ],
            "outputs": {},
            "resources": {
                "data.github_user.user": {
                    "type": "github_user",
                    "depends_on": [],
                    "primary": {
                        "id": "6989636",
                        "attributes": {
                            "avatar_url": "https://avatars1.githubusercontent.com/u/6989636?v=4",
                            "bio": "",
                            "blog": "",
                            "company": "",
                            "email": "andrew.chong@digital.cabinet-office.gov.uk",
                            "followers": "0",
                            "following": "0",
                            "gpg_keys.#": "0",
                            "gravatar_id": "",
                            "id": "6989636",
                            "location": "",
                            "login": "andrewchong",
                            "name": "Andrew Chong",
                            "public_gists": "0",
                            "public_repos": "0",
                            "site_admin": "false",
                            "ssh_keys.#": "2",
                            "ssh_keys.0": "ssh-rsa AAAAB3NzaC1yc2EAAAADAQABAAACAQD1/v9Zh7nDBwgpcC5fw8igsspuCB/mpmIcrQtlMQncnVSXyJC0qLtpgDcBSqh3tnPqubExV+efPEG2NH9xJly/GIe4t4tKdyVPVSLjkNRczYx8+REgK6MfUWBZNEgWa+LrXjY+SbP0CJfv4B5eDI5ebW9qZwPKyvLrXNDIjlBd9nRCu8+NrVP+IBkKUOqZAw3Lx6uR3VZczd+KL04xCeWoWvJ0QlcZtkx5OsFCn5TBvmyLYNnj+93pGVZeCpytQeDokpld5OGKPEE4/ORWyZId7Q94eYc0YV9jHVXnKwlxqQR/cpupu9+JbKgK+KZ9gupoYonDjg+jGcNXpbtEW7dbz7SqCuYXJaqFW/lPwTRNNpye5+9G3yr8lAR27zOPj1vx1C2jblSwXHJHoUIb4sL7xEcKHLh3Cuu+XV1w814Rjy3C47xrVd7NXb3ZuVk6pfGUtyCItXoTIs2Tx6ZiqIPzvGqpcvnfhg7uSIGOTK04lYqFMImFXFYXLlQV+kipLkEaQ/ylRQSFrXaeV3luEmvYSjjcVGiJTjx4xhqjBKCXNp/HGzRfbmc078KOlJ0o9y6waShX9UQVOYzJcTL2D36TANFvcRB1MTdalmliYSogTfW5tM8sey25aXn17YZRliE4SGKAKdvwK/NytkNn+14gKVle1qlHZFLuRIVi79Cy3Q==",
                            "ssh_keys.1": "ssh-rsa AAAAB3NzaC1yc2EAAAADAQABAAABAQCvy/1csFcOwenT9mrzgPZjINBbl9u72Dh8XFe6G6aN+ZYyBKp4K3BT7C5039mB4kEl7PdhB4sXxlVwf/qisnxwKuYdtC6QrlS1c5PXdwGXh9ghe7xopyTNovEuw8R/EJZwfyvQU+bvUlJ9PD0DmU8n2F6ng+eonWQ8wICWlKcRcEtty+0BP58HaXCWeVu4Xabhod1faZEE18M2P6dIY8RG8ANREyP7cKwZPmyMWK1iquSHhEril+Zkrozs6KSZdMBoqlC/o1+6a7Azl50trcEkcKY97B/9WLqEgD7f03zlJgOWg5/qx6Fo2JWVkiYD/pMR2VAJP9Eyj0bqCNsf6qA5",
                            "username": "andrewchong"
                        },
                        "meta": {},
                        "tainted": false
                    },
                    "deposed": [],
                    "provider": "provider.github"
                },
                "github_membership.org_membership": {
                    "type": "github_membership",
                    "depends_on": [],
                    "primary": {
                        "id": "alphagov:andrewchong",
                        "attributes": {
                            "etag": "W/\"d9fd763ac35342048af0cfe3907c37ec\"",
                            "id": "alphagov:andrewchong",
                            "role": "member",
                            "username": "andrewchong"
                        },
                        "meta": {},
                        "tainted": false
                    },
                    "deposed": [],
                    "provider": "provider.github"
                },
                "github_team_membership.team_membership.0": {
                    "type": "github_team_membership",
                    "depends_on": [],
                    "primary": {
                        "id": "2826122:andrewchong",
                        "attributes": {
                            "etag": "W/\"aaade43d28979a3490b7d8e6bafa7ca0\"",
                            "id": "2826122:andrewchong",
                            "role": "member",
                            "team_id": "2826122",
                            "username": "andrewchong"
                        },
                        "meta": {},
                        "tainted": false
                    },
                    "deposed": [],
                    "provider": "provider.github"
                },
                "github_team_membership.team_membership.1": {
                    "type": "github_team_membership",
                    "depends_on": [],
                    "primary": {
                        "id": "2826121:andrewchong",
                        "attributes": {
                            "etag": "W/\"fa79f5b7c20644ef4e72f235d0007556\"",
                            "id": "2826121:andrewchong",
                            "role": "member",
                            "team_id": "2826121",
                            "username": "andrewchong"
                        },
                        "meta": {},
                        "tainted": false
                    },
                    "deposed": [],
                    "provider": "provider.github"
                },
                "github_team_membership.team_membership.2": {
                    "type": "github_team_membership",
                    "depends_on": [],
                    "primary": {
                        "id": "2826120:andrewchong",
                        "attributes": {
                            "etag": "W/\"80b405da58f4febbe2257ecfba8a1e8e\"",
                            "id": "2826120:andrewchong",
                            "role": "member",
                            "team_id": "2826120",
                            "username": "andrewchong"
                        },
                        "meta": {},
                        "tainted": false
                    },
                    "deposed": [],
                    "provider": "provider.github"
                },
                "github_team_membership.team_membership.3": {
                    "type": "github_team_membership",
                    "depends_on": [],
                    "primary": {
                        "id": "2826126:andrewchong",
                        "attributes": {
                            "etag": "W/\"ed3f5f94ebd74d397189ad6c25b3329d\"",
                            "id": "2826126:andrewchong",
                            "role": "member",
                            "team_id": "2826126",
                            "username": "andrewchong"
                        },
                        "meta": {},
                        "tainted": false
                    },
                    "deposed": [],
                    "provider": "provider.github"
                },
                "github_team_membership.team_membership.4": {
                    "type": "github_team_membership",
                    "depends_on": [],
                    "primary": {
                        "id": "2826123:andrewchong",
                        "attributes": {
                            "etag": "W/\"75f5312e9dfa784194ea4120b381b9a1\"",
                            "id": "2826123:andrewchong",
                            "role": "member",
                            "team_id": "2826123",
                            "username": "andrewchong"
                        },
                        "meta": {},
                        "tainted": false
                    },
                    "deposed": [],
                    "provider": "provider.github"
                },
                "github_team_membership.team_membership.5": {
                    "type": "github_team_membership",
                    "depends_on": [],
                    "primary": {
                        "id": "2826125:andrewchong",
                        "attributes": {
                            "etag": "W/\"ccc4b53eff608781b29e86cd393befeb\"",
                            "id": "2826125:andrewchong",
                            "role": "member",
                            "team_id": "2826125",
                            "username": "andrewchong"
                        },
                        "meta": {},
                        "tainted": false
                    },
                    "deposed": [],
                    "provider": "provider.github"
                },
                "github_team_membership.team_membership.6": {
                    "type": "github_team_membership",
                    "depends_on": [],
                    "primary": {
                        "id": "2915524:andrewchong",
                        "attributes": {
                            "etag": "W/\"928e753d1ef2ec449e54ed9b0c272455\"",
                            "id": "2915524:andrewchong",
                            "role": "member",
                            "team_id": "2915524",
                            "username": "andrewchong"
                        },
                        "meta": {},
                        "tainted": false
                    },
                    "deposed": [],
                    "provider": "provider.github"
                }
            },
            "depends_on": []
        },
        {
            "path": [
                "root",
                "user_andy_paine"
            ],
            "outputs": {},
            "resources": {
                "data.github_user.user": {
                    "type": "github_user",
                    "depends_on": [],
                    "primary": {
                        "id": "14118619",
                        "attributes": {
                            "avatar_url": "https://avatars3.githubusercontent.com/u/14118619?v=4",
                            "bio": "",
                            "blog": "",
                            "company": "",
                            "email": "andy.paine.github@gmail.com",
                            "followers": "2",
                            "following": "0",
                            "gpg_keys.#": "0",
                            "gravatar_id": "",
                            "id": "14118619",
                            "location": "",
                            "login": "andy-paine",
                            "name": "Andy Paine",
                            "public_gists": "0",
                            "public_repos": "15",
                            "site_admin": "false",
                            "ssh_keys.#": "2",
                            "ssh_keys.0": "ssh-rsa AAAAB3NzaC1yc2EAAAADAQABAAACAQC2AXG9PeZMkKVhehcL64HzGfjlOUovVEObaSPAGm8ZFGSe1Pcge8N1wS+eTQBlMU1c+mnuPs6oXkgJORYi0MBsRnXEDMvRkQQ0hiajrbiYKvLPhvjkoYTFClDVEhZlV+LFaMbXL/IqGTax7PhE3K0gIxbZMh2CfzbbDAXDDO/qIvRh8boDi5zEnYM2oJ+iKU+X8sPd4Wafyh9iQ6n2URYr8TBM/lYWKrhqfo0u2FuBVyMNQHXGILSXemdKmubZjuclG28izMBESPWjndWdodNUHlUX+9Sp144/psvzSw9gLBwzeTqFDAJ7JokNtaRvSDVO0RB8tZwIMB4SIYLBNbOPwgskE86xyfs13AFXo5HAdYfQRYyN6LMrJ3+KYzHj/Nt0qywV5AtP29BQERgqL8ZwyeE4mkKsVv1kmtTe8yIRfB5eMIGCb6G9xvKf+bZYqLOIfJIRT+ulRxOaI8fQnPtvAQgZj/BoDBNwoJNf95glmJ2DJT/IRCiwjA2pAy6HAKh4p/NViJNdcTwRaTsTaxq/OjmYMk28JVL6QPXtuObP94WEdH5r/K9z2DJrgbGcvPdlpkH5XL2unYhSmSm6m94sRRC+Byvx+hR9h7dmON80BCbGXztwAwjQ5Qe8iTnGBZcw7datmx1ccjDJBVefk9ITCpAFTK4zCk73f3bViQkzaw==",
                            "ssh_keys.1": "ssh-rsa AAAAB3NzaC1yc2EAAAADAQABAAACAQDEIzbqg/oE8ewZjWVzO2nYNST3jrdfSzHHIiq9X8e8NcFZB5X0KY74FScNWgduAA1LnqlCCvPQuIH10XGQQQUGE+/uV0jD3EJiEZrMKo8udkl/actXw5Uaj1Bc0MO/4f0MM3Y3XMeDTUKNw0Ks6chRYC4l9lcJpcnr14vxwj0ABiduY25D9DLnP3j1PeMj6+EhbqrcCq0c60XuQIEU177v1HA/02L6OTljBG+exuaht/VcjS3nD34/UVhBK6UlSdCFC3m4Z5F5oNMpDhWNIuu/soa6cwHN4APK4HTHc9sVt6UfPjbyZObL2dsCaO3/QGmQ+UodUQRy0+6GEMXCQiB9oHgGjlpIjqJAKuv9oGb6vShqbntjooRGe1R0cYk99BBoJG7MzXqkL1pEnIDfzSXfFqelPXAcVUwwuxggf/YYMyJD1c6eRrnb116nKq/dj2/bUMcxh2LUYRYin0k+hkaSxpq865nwRVPNWRNJnCSkEYPKC6Nrbj3LkysK85tNJ5EoWvjwbRtP+fv0YYB7M2q9FC8i5HFjPp02lJXgL82CFeHArj6zYVjRT5bGd+UkIqI8b7aJEGjXUBJvWA4J9VgZgqRzhBc54LQIcrk1LeDZCDmzwhjQfl016yArhf6Vd1fU1CHVsZthbVNXSIau5nl+m2Iv9+ynbwk06no9tUDYaQ==",
                            "username": "andy-paine"
                        },
                        "meta": {},
                        "tainted": false
                    },
                    "deposed": [],
                    "provider": "provider.github"
                },
                "github_membership.org_membership": {
                    "type": "github_membership",
                    "depends_on": [],
                    "primary": {
                        "id": "alphagov:andy-paine",
                        "attributes": {
                            "etag": "W/\"97cc2c0d3c623addf4f9613409624889\"",
                            "id": "alphagov:andy-paine",
                            "role": "member",
                            "username": "andy-paine"
                        },
                        "meta": {},
                        "tainted": false
                    },
                    "deposed": [],
                    "provider": "provider.github"
                },
                "github_team_membership.team_membership.0": {
                    "type": "github_team_membership",
                    "depends_on": [],
                    "primary": {
                        "id": "2826122:andy-paine",
                        "attributes": {
                            "etag": "W/\"0c8d6c28ac5fe3c4ef202d1e9f8977b4\"",
                            "id": "2826122:andy-paine",
                            "role": "member",
                            "team_id": "2826122",
                            "username": "andy-paine"
                        },
                        "meta": {},
                        "tainted": false
                    },
                    "deposed": [],
                    "provider": "provider.github"
                },
                "github_team_membership.team_membership.1": {
                    "type": "github_team_membership",
                    "depends_on": [],
                    "primary": {
                        "id": "2826127:andy-paine",
                        "attributes": {
                            "etag": "W/\"f814b34c245d6942175e52e37f27eb0f\"",
                            "id": "2826127:andy-paine",
                            "role": "member",
                            "team_id": "2826127",
                            "username": "andy-paine"
                        },
                        "meta": {},
                        "tainted": false
                    },
                    "deposed": [],
                    "provider": "provider.github"
                },
                "github_team_membership.team_membership.2": {
                    "type": "github_team_membership",
                    "depends_on": [],
                    "primary": {
                        "id": "2826126:andy-paine",
                        "attributes": {
                            "etag": "W/\"6ec4da02f6fa83725cb2c1a72e3d778e\"",
                            "id": "2826126:andy-paine",
                            "role": "member",
                            "team_id": "2826126",
                            "username": "andy-paine"
                        },
                        "meta": {},
                        "tainted": false
                    },
                    "deposed": [],
                    "provider": "provider.github"
                },
                "github_team_membership.team_membership.3": {
                    "type": "github_team_membership",
                    "depends_on": [],
                    "primary": {
                        "id": "2826121:andy-paine",
                        "attributes": {
                            "etag": "W/\"6f55a2d3882aa846266159021ecb0fcc\"",
                            "id": "2826121:andy-paine",
                            "role": "member",
                            "team_id": "2826121",
                            "username": "andy-paine"
                        },
                        "meta": {},
                        "tainted": false
                    },
                    "deposed": [],
                    "provider": "provider.github"
                },
                "github_team_membership.team_membership.4": {
                    "type": "github_team_membership",
                    "depends_on": [],
                    "primary": {
                        "id": "2826120:andy-paine",
                        "attributes": {
                            "etag": "W/\"d384813a66a4b64b07f4e97181e09b4f\"",
                            "id": "2826120:andy-paine",
                            "role": "member",
                            "team_id": "2826120",
                            "username": "andy-paine"
                        },
                        "meta": {},
                        "tainted": false
                    },
                    "deposed": [],
                    "provider": "provider.github"
                },
                "github_team_membership.team_membership.5": {
                    "type": "github_team_membership",
                    "depends_on": [],
                    "primary": {
                        "id": "2826123:andy-paine",
                        "attributes": {
                            "etag": "W/\"bec0940ec0e0a78b15852f233e3376e9\"",
                            "id": "2826123:andy-paine",
                            "role": "member",
                            "team_id": "2826123",
                            "username": "andy-paine"
                        },
                        "meta": {},
                        "tainted": false
                    },
                    "deposed": [],
                    "provider": "provider.github"
                },
                "github_team_membership.team_membership.6": {
                    "type": "github_team_membership",
                    "depends_on": [],
                    "primary": {
                        "id": "2826125:andy-paine",
                        "attributes": {
                            "etag": "W/\"5015c3f4165805fd141b23da0829f7ca\"",
                            "id": "2826125:andy-paine",
                            "role": "member",
                            "team_id": "2826125",
                            "username": "andy-paine"
                        },
                        "meta": {},
                        "tainted": false
                    },
                    "deposed": [],
                    "provider": "provider.github"
                },
                "github_team_membership.team_membership.7": {
                    "type": "github_team_membership",
                    "depends_on": [],
                    "primary": {
                        "id": "2915520:andy-paine",
                        "attributes": {
                            "etag": "W/\"f13a30bd4a3b341fe297f594a60010b7\"",
                            "id": "2915520:andy-paine",
                            "role": "member",
                            "team_id": "2915520",
                            "username": "andy-paine"
                        },
                        "meta": {},
                        "tainted": false
                    },
                    "deposed": [],
                    "provider": "provider.github"
                },
                "github_team_membership.team_membership.8": {
                    "type": "github_team_membership",
                    "depends_on": [],
                    "primary": {
                        "id": "2826124:andy-paine",
                        "attributes": {
                            "etag": "W/\"564478cb05c3df7d0c95245aa274c57a\"",
                            "id": "2826124:andy-paine",
                            "role": "member",
                            "team_id": "2826124",
                            "username": "andy-paine"
                        },
                        "meta": {},
                        "tainted": false
                    },
                    "deposed": [],
                    "provider": "provider.github"
                },
                "github_team_membership.team_membership.9": {
                    "type": "github_team_membership",
                    "depends_on": [],
                    "primary": {
                        "id": "2915524:andy-paine",
                        "attributes": {
                            "etag": "W/\"236066f7dd4d5f239dfec3a96e5f93f5\"",
                            "id": "2915524:andy-paine",
                            "role": "member",
                            "team_id": "2915524",
                            "username": "andy-paine"
                        },
                        "meta": {},
                        "tainted": false
                    },
                    "deposed": [],
                    "provider": "provider.github"
                }
            },
            "depends_on": []
        },
        {
            "path": [
                "root",
                "user_annecarr"
            ],
            "outputs": {},
            "resources": {
                "data.github_user.user": {
                    "type": "github_user",
                    "depends_on": [],
                    "primary": {
                        "id": "7550015",
                        "attributes": {
                            "avatar_url": "https://avatars2.githubusercontent.com/u/7550015?v=4",
                            "bio": "",
                            "blog": "",
                            "company": "",
                            "email": "",
                            "followers": "1",
                            "following": "0",
                            "gpg_keys.#": "0",
                            "gravatar_id": "",
                            "id": "7550015",
                            "location": "",
                            "login": "AnneCarr",
                            "name": "",
                            "public_gists": "0",
                            "public_repos": "10",
                            "site_admin": "false",
                            "ssh_keys.#": "1",
                            "ssh_keys.0": "ssh-rsa AAAAB3NzaC1yc2EAAAADAQABAAACAQC80BPoH8eXPf+0xYbHrjQDHkQKl40JN1ffhYDwl6YmvfxMN2AUgAvJvaWmDauXZ3Rya3BLTDkf0uZOMtvuwaNln0xPkNgRxBZx50l0w28bhS5SRRZdGVnbvFBSTFZL5F+bfQ0g05av16RVp+TGIrZotzDqpdByP2ktkzfdSmuhhrvYa5aTkMrGJkrBN5mZWE1CNdOrghVjVH+dlp96EyCnMr9zQZUuuaff0ehPx2+Vwo3gbnHxHmljvAHPPPuT0JFd3rIHHIHjKqTSjeuaUfCq2YZe25wy4lHkyNQOdETrufDVv2M+O5rMrdkcfM6ypMJ/WS03y7ouVrbWdjsAf54PLNLGmfRV2K1s1TKRxZrpn1Z0/I+A0QDgvux2rwT8jPX3HrnXJaKVAedAcb89AjCXmW0hzKFusQxP+Cw/pmbgdiX5rpBXhwq76wzLqkn011jgnchfOW6sxRQ0t/QQueUT45CqrvhV6uLXaZLL7LkkX2gyLG6J8wQtizXogyO2UCnnEqvbWK5hf3ltDVldTcyGlZWZWdy/2IP5eR4D5FFMnk8It032rSdaDgDqQuQXeSLDj9nKMsUjXGHJwq3gqABpyAMYByi6JcdUzdefPqMPUg86LWACTHfHUsDirc1MsLQirnJESd9UOqlxxLg+vIZTX/EZ8Z6JL0aJxbk6dzv7QQ==",
                            "username": "AnneCarr"
                        },
                        "meta": {},
                        "tainted": false
                    },
                    "deposed": [],
                    "provider": "provider.github"
                },
                "github_membership.org_membership": {
                    "type": "github_membership",
                    "depends_on": [],
                    "primary": {
                        "id": "alphagov:AnneCarr",
                        "attributes": {
                            "etag": "W/\"6dc3f8885c9a3889647692490feb9e3d\"",
                            "id": "alphagov:AnneCarr",
                            "role": "member",
                            "username": "AnneCarr"
                        },
                        "meta": {},
                        "tainted": false
                    },
                    "deposed": [],
                    "provider": "provider.github"
                },
                "github_team_membership.team_membership": {
                    "type": "github_team_membership",
                    "depends_on": [],
                    "primary": {
                        "id": "2826124:AnneCarr",
                        "attributes": {
                            "etag": "W/\"463ae0855ad4844a91ec8a57957a4a21\"",
                            "id": "2826124:AnneCarr",
                            "role": "member",
                            "team_id": "2826124",
                            "username": "AnneCarr"
                        },
                        "meta": {},
                        "tainted": false
                    },
                    "deposed": [],
                    "provider": "provider.github"
                }
            },
            "depends_on": []
        },
        {
            "path": [
                "root",
                "user_blairboy362"
            ],
            "outputs": {},
            "resources": {
                "data.github_user.user": {
                    "type": "github_user",
                    "depends_on": [],
                    "primary": {
                        "id": "12373655",
                        "attributes": {
                            "avatar_url": "https://avatars2.githubusercontent.com/u/12373655?v=4",
                            "bio": "",
                            "blog": "",
                            "company": "",
                            "email": "",
                            "followers": "1",
                            "following": "0",
                            "gpg_keys.#": "1",
                            "gpg_keys.0": "xsFNBFtEeJABEADjtg/GMx7nQIAncpl7LYr3xdLA9Clsa7WLhNGJBPgV1draI8CKwXDZM1npS6OoafunUOEzEq9g/WutCcp2+XZoPkAHc4Ka9wBJ6ovyxR84ab/gv33S+lsgFAHJCrYRSkQ6ba9OPKjhn4fWeo594cyndpVDlOfcdMFV3N+I+IvosJZpFWrGTv7zOkAyid8M18ckkVxZcOdQmUuhlFi+VEt884z2z5luEXMUlzdwlv6fTYE3zZce7XjEmTXZKIL04340z+xQXi28ln9OLDiRsDSzFg4AZJolma1rV3WKrEErFLBqtHpz4FchsxtiFixDfhRJu5hkCVUG1RM3kF3hkI6ZsIIGQidB5u+/5dgcclg/kJXx7VT0aEjLLfdGoNwb1a/9gXQKvnXnyCH7L0iGL/AffJowiqnAX9qjLm8HncKZhRzhgqq1bm155TtZvP9HE2wVXGUwhLe0NoifE8N2q1SQ7M7Pjhaq0x5tZEIXu3D3S1ldf6mQFRQdO1bVhAmftM+1eS8RDP2hR423Via1FaQKWnqZiKLUuVp5rpUVjm71VVTgT5rB8E1xO7IlIoub2lk2TJ8e/1WKYTczSqW6Ay4O2o13Gcw9qnVkUYV4KWZDzIVlI21hNi6JdD3/pypl0sX+LPPrsQx4Gj9d8kvIIEXs0DsYYFYclK69zFbrawL10QARAQAB",
                            "gravatar_id": "",
                            "id": "12373655",
                            "location": "",
                            "login": "blairboy362",
                            "name": "Daniel Blair",
                            "public_gists": "0",
                            "public_repos": "4",
                            "site_admin": "false",
                            "ssh_keys.#": "3",
                            "ssh_keys.0": "ssh-rsa AAAAB3NzaC1yc2EAAAADAQABAAACAQC3JtcTVSxumPqxdYOtsi60oCmOEE8UgfVzOcnjjgg3bgyYotk3nW4fzhKzPI1AslsvpH6CfD2+32Lq2W4PNNr1otrQ4RYYd9fRznqvei+h+M1UGXNqZhYue+ZRyhwz1bASfdjmTPbUhYk4lWiVHhFKlGKfvqK0HilzVGiRg5forZfeLh/Tqj99d9DjlvZx1UH6oYYCSsU96afiKl5BTBqUYKR75FYhqDaQT7OW4bUkMF09t2vtM7rqpNIQHkahbizGELSEZLaGieuK0Eo8GqcaCF2plJV3mJifP+v2j4d/nNI+Trlsg2hCUteC5mFWoOLDdIkA+rJU+u3T+SNQ/G+3glInAfDbFIeNgL6aLhPoWIYRCpGDXY+2kZZhmD304v42tKrd5kacy4xRtDLAoTNlkj01lz/1eSg4A9ftN4L7RBOXsuPPWWyX5GlVbepmrn/ND0pT6ev826BC0QkzKE5t3AqrtvooHmRUKc4INE5ybS1MZ7z/z0xu2Woe3qywxzDZNVj0dd8jWY1IyeWEzp9bb1F2C2nibUUI8WGh4WsqYFO4tSXlrhYz1kdNNpvWxGkrOadU9O1+gCo/2Jaerd/Gx4ObySJyNpyTzy3Jy1KYYoGzEG8A2tAH6asSbOTHIiXoNP/1aTSiBO1QeKmT4zVJERhPkoolFtvqofwCTarUzw==",
                            "ssh_keys.1": "ssh-rsa AAAAB3NzaC1yc2EAAAADAQABAAACAQDhje7LMEsP8/2HFBQHvGbwAVRzUuNuVZJhVjHRoZxvARg1nn9D1bWx0FnK9aWL7cmu89P8pQiWGBEjWWZzHjZWnFJ4d5hu+oJliRySbhskiuVCSgP3Z0Grx/Q4cJu35O1LkwcVi8ZbYk/Ud+5pHa/U6i8bYcvxSVb2bEY9Q2t8dF9ev1aSRNNaOj7Y+2aenAwPo9Whr4DryVrAjI/CC7phv6SOSJ4o9y5Ro3Z9yEfy42wOOEL2+Q/6j9dWMVGyuaZkJ9eXRAeRHkcpuUs/kDR07bMBUolz9tfaMZWNtGgeEgm/r39fnvs1B08Pv0sHeYxh1QrNhzG076lhSVuTzxzPYplehgZNeOVseotQHRufsVMXH5paAIMgkXISUHF1dnX4U/7biSldiCG1JNvFCcTTLTEtsPC0H8Hxt5PEr8vVe4Tdfk6KVjZOVdi1alOiDyw4O8jdNKrM8gDE83tG++/RRptxu4pBvdX65AnQeocsA8S4l9hLdB76duQYAjF6iV37rheioOj9jPJR4wi8zajeNnyDbxC5B12I7Pnqz6DQvQkvADK6x27dA6mAVIqq6ORXCXENjh8W/n+9Math2l07csnjzi67np/8a9Gn01LT9xr/xFZgY+ztnHRtDSnxXfKEx3IpOvgfmP6qan3nAIMVmfkcSWd9tnC1m+qQDy/nNQ==",
                            "ssh_keys.2": "ssh-rsa AAAAB3NzaC1yc2EAAAADAQABAAACAQC2mkHco9DUiVq9bRiDgC0gOJPqgMN92LvX0KHNPFgat+T+MzwJ9nEHH00A4e2oJFCUKaGgQ5O+4ZZGdChzvdTfcQMi//MRNMzivGYIJsqUa5FUpCqxq4YOqTx+HViq9ni2oeYsAUNGRSy2HNtIEooVjx2g/ZVLKWnRALZCTKFHCOinZiassXcsmqb1WtyPkA5FazBdJQ+NMsjl0k2R1N119Hx6kUu9+ufTfJDGEANAO++nYKJRah0bcX/7XWTZ0SPUa5bIIsIITF6RHGS9nyz9KwZvli2GyDFMqQ2/AsoVCtbZuYYIFfbwT63Uluu3Ev2HKDa2IFn//ENgaeQl0WI46CiyzjxA84yrwEsJ9FtCNwPZLQ2vjIi6WzwZuA4OWCS4dCBuy2DgnxuehsZuVH60GBzeKWoLp0oHLVL+tOzNmXpJybPpMvyR0g++bs5FbzuzVl4bgCOsiF+80QdylOmal5o2IGLf9IvW+MtM4sKhSLhH+yGiD5ZhZhSr7gt6fU0GBnaFb27Qbc6xOnR29d4nGfwzDLKHMOE+XqLbBiIqhw0XrOsF+oS39zRObpYmsvi9UOg2QQXMjoaEKq6HTEzTZjpHgJViLzwh2EOOf4LrgI/iBWG7rcz3CNpV+65AYpljfskci6lOqg/HUY8AHVS3zvT3bWmKgCDeiZCOQ2lAfQ==",
                            "username": "blairboy362"
                        },
                        "meta": {},
                        "tainted": false
                    },
                    "deposed": [],
                    "provider": "provider.github"
                },
                "github_membership.org_membership": {
                    "type": "github_membership",
                    "depends_on": [],
                    "primary": {
                        "id": "alphagov:blairboy362",
                        "attributes": {
                            "etag": "W/\"fd6834d65dbb65f6997adfda24d89f6a\"",
                            "id": "alphagov:blairboy362",
                            "role": "member",
                            "username": "blairboy362"
                        },
                        "meta": {},
                        "tainted": false
                    },
                    "deposed": [],
                    "provider": "provider.github"
                },
                "github_team_membership.team_membership.0": {
                    "type": "github_team_membership",
                    "depends_on": [],
                    "primary": {
                        "id": "2826127:blairboy362",
                        "attributes": {
                            "etag": "W/\"008168ba6fac10c83bd9ec28473f168d\"",
                            "id": "2826127:blairboy362",
                            "role": "member",
                            "team_id": "2826127",
                            "username": "blairboy362"
                        },
                        "meta": {},
                        "tainted": false
                    },
                    "deposed": [],
                    "provider": "provider.github"
                },
                "github_team_membership.team_membership.1": {
                    "type": "github_team_membership",
                    "depends_on": [],
                    "primary": {
                        "id": "2826126:blairboy362",
                        "attributes": {
                            "etag": "W/\"d7ccd7a978393838f8cd33e035495963\"",
                            "id": "2826126:blairboy362",
                            "role": "member",
                            "team_id": "2826126",
                            "username": "blairboy362"
                        },
                        "meta": {},
                        "tainted": false
                    },
                    "deposed": [],
                    "provider": "provider.github"
                },
                "github_team_membership.team_membership.2": {
                    "type": "github_team_membership",
                    "depends_on": [],
                    "primary": {
                        "id": "2826120:blairboy362",
                        "attributes": {
                            "etag": "W/\"e77425b83bf5d7acdd4b3e6aae4d3425\"",
                            "id": "2826120:blairboy362",
                            "role": "member",
                            "team_id": "2826120",
                            "username": "blairboy362"
                        },
                        "meta": {},
                        "tainted": false
                    },
                    "deposed": [],
                    "provider": "provider.github"
                },
                "github_team_membership.team_membership.3": {
                    "type": "github_team_membership",
                    "depends_on": [],
                    "primary": {
                        "id": "2826125:blairboy362",
                        "attributes": {
                            "etag": "W/\"e48d7904ee7ce33c282e4caca5767669\"",
                            "id": "2826125:blairboy362",
                            "role": "member",
                            "team_id": "2826125",
                            "username": "blairboy362"
                        },
                        "meta": {},
                        "tainted": false
                    },
                    "deposed": [],
                    "provider": "provider.github"
                },
                "github_team_membership.team_membership.4": {
                    "type": "github_team_membership",
                    "depends_on": [],
                    "primary": {
                        "id": "2915524:blairboy362",
                        "attributes": {
                            "etag": "W/\"d03d163780e4866190fdbe9a8b4c0763\"",
                            "id": "2915524:blairboy362",
                            "role": "member",
                            "team_id": "2915524",
                            "username": "blairboy362"
                        },
                        "meta": {},
                        "tainted": false
                    },
                    "deposed": [],
                    "provider": "provider.github"
                }
            },
            "depends_on": []
        },
        {
            "path": [
                "root",
                "user_bravegrape"
            ],
            "outputs": {},
            "resources": {
                "data.github_user.user": {
                    "type": "github_user",
                    "depends_on": [],
                    "primary": {
                        "id": "17963330",
                        "attributes": {
                            "avatar_url": "https://avatars0.githubusercontent.com/u/17963330?v=4",
                            "bio": "",
                            "blog": "",
                            "company": "",
                            "email": "",
                            "followers": "3",
                            "following": "1",
                            "gpg_keys.#": "0",
                            "gravatar_id": "",
                            "id": "17963330",
                            "location": "",
                            "login": "bravegrape",
                            "name": "",
                            "public_gists": "0",
                            "public_repos": "5",
                            "site_admin": "false",
                            "ssh_keys.#": "2",
                            "ssh_keys.0": "ssh-rsa AAAAB3NzaC1yc2EAAAADAQABAAABAQDNdyEwwLId5/Eh16ATVG57FsMdWyqVv6OhXpgXRaGNZOz8/MYyM5s0u0zK0q/bKTHFQgOdn9052Ddr06gUeaW96b+nIfpN44ZX4XVX6hlxkhJ6i61biuPwfz+vIDchH6dpehCafYZJSnVt/h95WsZp3QORImKoCf2RMGER17dbjOLzMi1X2F6AKS/k1h6nT8fOcczV98DCDV6TTzgCvsSMOfo7W9D5jOPHwoZ6v9inqCN7DO1ZhnLOZ81OmcPSUmaRXjx8yS2aoNkdCPkz3ElLGC02o8DS0X6bJ4Lt+pdgWke0lr3XoFMGWvXYO20zKeqZcIDdGaiClfQJm9mLMBF1",
                            "ssh_keys.1": "ssh-rsa AAAAB3NzaC1yc2EAAAADAQABAAACAQDmeNS67e6GILL+tYA0+eETtP1caA5NLqGqk3ZelNeR/Hvm7OX+VTq66gCr7gLry5emhF9O2+mncAKbHtKRd19GCrnzt+R4AyRN4WtPUORff03s5rKDmUXHA9ax6fSrEIFkZ1SDj+Py1knQmd9j6kNFljQPmPEkeIot95NWmGZFuz1d4kaQ0Yx538t0KbR2pebVOpC7xv7/PWWLEelxWfnJ3B3IJs3OK8BCtB1MazY0uLmo0Ty7HkjzW7ybFXko5S48YE9W9MdznGVwDTSX5rIByv0uPjtaLKUkWPxwfoSOu3QH02KvckdU4i50MrbECiSMJmfj9tdZfFLVNTh95qFA3M/72alAokvQCJnouXfSCzsk1R+JTEeb+eQi69aLx/fi1jJE1Y0xA0vSNPJs4UGf8Xb2qRZzMNsg7xBRXTlenKYQawIQYTI+H9tbftn9+zy1WDVWCq7zMkcyibbqyAvWEJail5Yv+jqLt1wVuaNtMjJMkaa9GV4FgAgKFwIRlKQRNsWzbIgK0DdanMby5hQVtYZRr+Jgj1naQmna8aWd7XT7thdXlEYf4YqhNR6STkJDG+kFnx1/0y2M8JZqTwlbt+ahPzSpXVh6TlZkH0TulZkVZPoNX4uBMTDuSkfbqab5h+K6M544As7gjtteJK8KbSBlOGtnKdeMU0Ylbg3BTw==",
                            "username": "bravegrape"
                        },
                        "meta": {},
                        "tainted": false
                    },
                    "deposed": [],
                    "provider": "provider.github"
                },
                "github_membership.org_membership": {
                    "type": "github_membership",
                    "depends_on": [],
                    "primary": {
                        "id": "alphagov:bravegrape",
                        "attributes": {
                            "etag": "W/\"d608abb43a1a4a27f53cfe285168e047\"",
                            "id": "alphagov:bravegrape",
                            "role": "member",
                            "username": "bravegrape"
                        },
                        "meta": {},
                        "tainted": false
                    },
                    "deposed": [],
                    "provider": "provider.github"
                },
                "github_team_membership.team_membership.0": {
                    "type": "github_team_membership",
                    "depends_on": [],
                    "primary": {
                        "id": "2826122:bravegrape",
                        "attributes": {
                            "etag": "W/\"bff4b7f0911858169e76dc09b3234851\"",
                            "id": "2826122:bravegrape",
                            "role": "member",
                            "team_id": "2826122",
                            "username": "bravegrape"
                        },
                        "meta": {},
                        "tainted": false
                    },
                    "deposed": [],
                    "provider": "provider.github"
                },
                "github_team_membership.team_membership.1": {
                    "type": "github_team_membership",
                    "depends_on": [],
                    "primary": {
                        "id": "2826127:bravegrape",
                        "attributes": {
                            "etag": "W/\"d8051f603a25e6566ee742e12347a15c\"",
                            "id": "2826127:bravegrape",
                            "role": "member",
                            "team_id": "2826127",
                            "username": "bravegrape"
                        },
                        "meta": {},
                        "tainted": false
                    },
                    "deposed": [],
                    "provider": "provider.github"
                },
                "github_team_membership.team_membership.2": {
                    "type": "github_team_membership",
                    "depends_on": [],
                    "primary": {
                        "id": "2826126:bravegrape",
                        "attributes": {
                            "etag": "W/\"6f957c4ba5ef0757cda96d198555bd57\"",
                            "id": "2826126:bravegrape",
                            "role": "member",
                            "team_id": "2826126",
                            "username": "bravegrape"
                        },
                        "meta": {},
                        "tainted": false
                    },
                    "deposed": [],
                    "provider": "provider.github"
                },
                "github_team_membership.team_membership.3": {
                    "type": "github_team_membership",
                    "depends_on": [],
                    "primary": {
                        "id": "2826123:bravegrape",
                        "attributes": {
                            "etag": "W/\"ebba3778ac40318611cfeab3c72196e4\"",
                            "id": "2826123:bravegrape",
                            "role": "member",
                            "team_id": "2826123",
                            "username": "bravegrape"
                        },
                        "meta": {},
                        "tainted": false
                    },
                    "deposed": [],
                    "provider": "provider.github"
                },
                "github_team_membership.team_membership.4": {
                    "type": "github_team_membership",
                    "depends_on": [],
                    "primary": {
                        "id": "2826125:bravegrape",
                        "attributes": {
                            "etag": "W/\"a29399bfc88f97ffd1e7f418a425c36f\"",
                            "id": "2826125:bravegrape",
                            "role": "member",
                            "team_id": "2826125",
                            "username": "bravegrape"
                        },
                        "meta": {},
                        "tainted": false
                    },
                    "deposed": [],
                    "provider": "provider.github"
                },
                "github_team_membership.team_membership.5": {
                    "type": "github_team_membership",
                    "depends_on": [],
                    "primary": {
                        "id": "2915524:bravegrape",
                        "attributes": {
                            "etag": "W/\"df758da88200288e896709601012e3d3\"",
                            "id": "2915524:bravegrape",
                            "role": "member",
                            "team_id": "2915524",
                            "username": "bravegrape"
                        },
                        "meta": {},
                        "tainted": false
                    },
                    "deposed": [],
                    "provider": "provider.github"
                }
            },
            "depends_on": []
        },
        {
            "path": [
                "root",
                "user_brenetic"
            ],
            "outputs": {},
            "resources": {
                "data.github_user.user": {
                    "type": "github_user",
                    "depends_on": [],
                    "primary": {
                        "id": "3466862",
                        "attributes": {
                            "avatar_url": "https://avatars3.githubusercontent.com/u/3466862?v=4",
                            "bio": "",
                            "blog": "",
                            "company": "",
                            "email": "",
                            "followers": "4",
                            "following": "0",
                            "gpg_keys.#": "0",
                            "gravatar_id": "",
                            "id": "3466862",
                            "location": "",
                            "login": "brenetic",
                            "name": "brenetic",
                            "public_gists": "1",
                            "public_repos": "2",
                            "site_admin": "false",
                            "ssh_keys.#": "4",
                            "ssh_keys.0": "ssh-rsa AAAAB3NzaC1yc2EAAAADAQABAAACAQC5GqE9ZyPi5nWLGeXzqgLL+vUYiGwePulBhCaeiIMXmDX9JVG94r4o/WgUgkOLiON+j+F4m41GMnHsWSZ8+Fd4lJHHaIuX+DtK6COsIyezIF/4963wRZFaak9Z8J1XX82Su3wY7DtBuszYZEPon8uZj3/hGTmSd4Gm5x7fVZSCAiv4QTICCw3omrJw0zIeKCQCpmmRIkyHu1HOcz3WB4hJtPDgmZ5OgPtZ58R5pC6j0wzCoAnerNlXC/+t3Z321zOF9PNgxdqDjkElJsWioB9V3/MZfVxj3u1OrYWBblv92LBExHpbZUlrw9zxEDcugq/KQFG5eva9RjeRxZK99OAlApRBfYEL8/cEnxp04ZTTfPF2RrFlkgpZ+xMZIfm59uo/zK9sLB5slOwryhx3WeU6BDAJa+Av0cU8bj8j93RKyXsnhrBZIj3zttDfD5zogX9DCbJ4xi12b4PzpMuR0FaWOVc5qqcWWBCVXZmUoF6DYpErE+jIWs1TAJynr4/BktkQQAHLf/K0VrT6JthrWRGfegqqBvwLo7AeXdcNYwbp7H/blnroBVWNZIRdjaGtVncaFLY21Xvy0gPlEbW/w+c3UqhS1dopjzg/QLRy7uSxCRLJfZOGRvY0NVPwB4rxb6tz68ZSbmgfvWnDQSLKyWyZPb1t+XB1IA9L5vd9lbgKWQ==",
                            "ssh_keys.1": "ssh-rsa AAAAB3NzaC1yc2EAAAADAQABAAABAQDYL7yzwWH04qIDxdXkuIID4REubus9i9bYulu7gqpVA1ikHC8l6P9pjxpsF2Pno0k/wL3Lp+UA2IBtYPBCJsdH/v7kQaxsGwotocWUyDbDVXxj4ll/WYYg5Lmucz9NZ10gvWATps1/KRqYzA/HJQvxECwigKprpJAn4FHtuA1zhzWeYRf4v6Ynlrb7ZjmW0YBbb2jWEPAgIYRVBQJW5oBAkjURG2eyas3nAMbng4sJUbqBt5o1sbyhbbd0FOxK5w8yZeCNTuNRC4Wtl0QEHNSRAuZbqATp6Z2LFO5WFK4Tvqgv6IW+I10iwfuUuhV5tor3xisMbdlzo8Fo8l3ta9Pl",
                            "ssh_keys.2": "ssh-rsa AAAAB3NzaC1yc2EAAAADAQABAAABAQC6eOrrAb2t8q4AqvlGECYlEYoYdq6wIVsgZj2uDd30E2p1ij3ztbG9uHYF6ddbkCArUxXZPPFXAMgeH9W/kmITCRK5ySMVrAcxNeO2ZoyhPlkLlv2RRbBsOPhVvFZuLrWFZdpt9v2XgvrXzPI/50r5zoz1skwOHnFFm7wmek9rc6qIsItAvlELfu01CF78T6PrmKPHBi8xZDlgkEgbmB0vhfmKsuW/gQjrpHoeOhYugzelKnto5InOLUjYFxI3Dxq0f+qUq/NmdfFx0audr+ERGQ++iR3njxg4RZGeAzKkg6I+MkwSHPaC7qkoe+8QF/Tm8kgzh17p6EYyRvwrt/ml",
                            "ssh_keys.3": "ssh-rsa AAAAB3NzaC1yc2EAAAADAQABAAACAQDEQuPObgzQYpNZv72Zc6FvzxZrOdZOOp9bn/q53KG83VPCTiGpeNfkokJEZCYXmjISbpyZLDQan0BsiM3SdwoJhpSvPF+Pl1ChQm1O53G95NZ2ktIgwbAGQvKiUNDeLl8U6i4HsSTJCQMhQAhHBHzehy8v4yC0YFLHNEPhALbuYC+XGMkae0uX7XuhbHRDs0zLbJWf7KJbK68tnycCvOol2eF7cZkaw/bHAYqW3YJU+cwrCXiCVbx4OwEOvek2DfGg1fLeq1tf33lrnMgI71h2kT4yoCthHs+2zYizuUsYeqFS/5cSLwEOF1JkVQrh61RIoebk4L0ZqtxpyMwgD2XgkmCPu0Nodvy9wqWh01wUdDLSwpvlz4117zMlNEyR4OrTNe+b6gvcbKbYxFt7jKEMmMVcJ5FDthKRJXxT93T1l80QvO/Pqfg0vlGHqh3FnOy/caOWjClwRJiukmnWYtB/aM2cBH4r1oM6qrNNXVBEaFFJTc57salR7+BgSRC+RUM44WBcC44D2/lKfS+tT3ayb7V9/Fs+RfTsXD0xBML/0dw+HgEKC3SrnKfPrdm8kGgHaN4qg3whoe4uNuqygRf59jE3t50CT6v9v+xc1kKB/1CjZVE2MGDjwEM0U7TA66VznFBn8VWUsnfzk/D5LIlRUFMXy4+zNTElhXEEZEPENw==",
                            "username": "brenetic"
                        },
                        "meta": {},
                        "tainted": false
                    },
                    "deposed": [],
                    "provider": "provider.github"
                },
                "github_membership.org_membership": {
                    "type": "github_membership",
                    "depends_on": [],
                    "primary": {
                        "id": "alphagov:brenetic",
                        "attributes": {
                            "etag": "W/\"6d8bff129c133d434666d86a068f2428\"",
                            "id": "alphagov:brenetic",
                            "role": "member",
                            "username": "brenetic"
                        },
                        "meta": {},
                        "tainted": false
                    },
                    "deposed": [],
                    "provider": "provider.github"
                },
                "github_team_membership.team_membership.0": {
                    "type": "github_team_membership",
                    "depends_on": [],
                    "primary": {
                        "id": "2826122:brenetic",
                        "attributes": {
                            "etag": "W/\"af9a9300c38de2e149ec1b5e15868349\"",
                            "id": "2826122:brenetic",
                            "role": "member",
                            "team_id": "2826122",
                            "username": "brenetic"
                        },
                        "meta": {},
                        "tainted": false
                    },
                    "deposed": [],
                    "provider": "provider.github"
                },
                "github_team_membership.team_membership.1": {
                    "type": "github_team_membership",
                    "depends_on": [],
                    "primary": {
                        "id": "2826127:brenetic",
                        "attributes": {
                            "etag": "W/\"6fe5f545ae2a0e9fec4279631be50e6a\"",
                            "id": "2826127:brenetic",
                            "role": "member",
                            "team_id": "2826127",
                            "username": "brenetic"
                        },
                        "meta": {},
                        "tainted": false
                    },
                    "deposed": [],
                    "provider": "provider.github"
                },
                "github_team_membership.team_membership.2": {
                    "type": "github_team_membership",
                    "depends_on": [],
                    "primary": {
                        "id": "2826126:brenetic",
                        "attributes": {
                            "etag": "W/\"f173c0a58555f6852445380893133c50\"",
                            "id": "2826126:brenetic",
                            "role": "member",
                            "team_id": "2826126",
                            "username": "brenetic"
                        },
                        "meta": {},
                        "tainted": false
                    },
                    "deposed": [],
                    "provider": "provider.github"
                },
                "github_team_membership.team_membership.3": {
                    "type": "github_team_membership",
                    "depends_on": [],
                    "primary": {
                        "id": "2826123:brenetic",
                        "attributes": {
                            "etag": "W/\"bc24d9bc9412dc8d0cb210e7d50be49a\"",
                            "id": "2826123:brenetic",
                            "role": "member",
                            "team_id": "2826123",
                            "username": "brenetic"
                        },
                        "meta": {},
                        "tainted": false
                    },
                    "deposed": [],
                    "provider": "provider.github"
                },
                "github_team_membership.team_membership.4": {
                    "type": "github_team_membership",
                    "depends_on": [],
                    "primary": {
                        "id": "2826125:brenetic",
                        "attributes": {
                            "etag": "W/\"c124ede54c65e40e6ebba3def951fd75\"",
                            "id": "2826125:brenetic",
                            "role": "member",
                            "team_id": "2826125",
                            "username": "brenetic"
                        },
                        "meta": {},
                        "tainted": false
                    },
                    "deposed": [],
                    "provider": "provider.github"
                },
                "github_team_membership.team_membership.5": {
                    "type": "github_team_membership",
                    "depends_on": [],
                    "primary": {
                        "id": "2915520:brenetic",
                        "attributes": {
                            "etag": "W/\"1a07d653d6cc1640af9d59601b609c3f\"",
                            "id": "2915520:brenetic",
                            "role": "member",
                            "team_id": "2915520",
                            "username": "brenetic"
                        },
                        "meta": {},
                        "tainted": false
                    },
                    "deposed": [],
                    "provider": "provider.github"
                },
                "github_team_membership.team_membership.6": {
                    "type": "github_team_membership",
                    "depends_on": [],
                    "primary": {
                        "id": "2915524:brenetic",
                        "attributes": {
                            "etag": "W/\"83b68ddc1a5c10a125318b68cb4478ec\"",
                            "id": "2915524:brenetic",
                            "role": "member",
                            "team_id": "2915524",
                            "username": "brenetic"
                        },
                        "meta": {},
                        "tainted": false
                    },
                    "deposed": [],
                    "provider": "provider.github"
                }
            },
            "depends_on": []
        },
        {
            "path": [
                "root",
                "user_callumknights"
            ],
            "outputs": {},
            "resources": {
                "data.github_user.user": {
                    "type": "github_user",
                    "depends_on": [],
                    "primary": {
                        "id": "24547183",
                        "attributes": {
                            "avatar_url": "https://avatars1.githubusercontent.com/u/24547183?v=4",
                            "bio": "",
                            "blog": "",
                            "company": "",
                            "email": "",
                            "followers": "1",
                            "following": "2",
                            "gpg_keys.#": "0",
                            "gravatar_id": "",
                            "id": "24547183",
                            "location": "",
                            "login": "callumknights",
                            "name": "",
                            "public_gists": "0",
                            "public_repos": "9",
                            "site_admin": "false",
                            "ssh_keys.#": "1",
                            "ssh_keys.0": "ssh-rsa AAAAB3NzaC1yc2EAAAADAQABAAACAQC5aPNR4RbZB+AsryiZR16YBq1GSKAyeYmjnuIKdGSJZcvDdBmM6LBYFynf2vmwxWGD6U+qRly65H7frSPwuzTjg6TB9zO0Gb5OhC7wgXwRNOAOuFcA9EcV7vDTgeMNlNzirmbB19a4XgzpNZt+u1OjgVeEgx0hdF3v3/y/dqnsmdLZmA3/hVcZuO5yS/JBK6of/gVZ1RJMtE5pA3V/E3a/rmG3fKvvqSvjmTf3Z3uwb94QmKjuhVaZjElT0SCNtqZgBvtXvdQes1ru6K1Bfl/hS6TCO6oGJm6YnVRvp+ql1lf87DHqFYobgBypT8Q1u+mzU0oTuNiHnoAF/Z0Plbl9AMjfsx41sMlNRN+K0V9YMkOHU5XkLDtK2uNkmzbHguhmJm+F5sptXL1jYZg8jnGGHalNosvZjkBqY+YSDsGyyq6dhmLxGp9aDzQdf85d82jEoyss6tIKcw5hB0ClCunamZzmJ+de1gXMiogWEOZgsUmeBrpdItHejeF8tILi9DYsMMtSXxVCAfRFfaqQR3rvwYE62f/xsV7hxXr4aRDyuL4BUOAx3Lqu0OVVjb+YgyZgJgZNJZjI41qStTYP6Fb+T0jPVYfYm9/ftJuLnjct71INK+O5Gupk40aIwOTImfGSZdwcVKCMhDKruqESBE4ZWACj9Omom+wlvYcP4X75nQ==",
                            "username": "callumknights"
                        },
                        "meta": {},
                        "tainted": false
                    },
                    "deposed": [],
                    "provider": "provider.github"
                },
                "github_membership.org_membership": {
                    "type": "github_membership",
                    "depends_on": [],
                    "primary": {
                        "id": "alphagov:callumknights",
                        "attributes": {
                            "etag": "W/\"c937eb9b577a29377f6f194d33d182f7\"",
                            "id": "alphagov:callumknights",
                            "role": "member",
                            "username": "callumknights"
                        },
                        "meta": {},
                        "tainted": false
                    },
                    "deposed": [],
                    "provider": "provider.github"
                },
                "github_team_membership.team_membership.0": {
                    "type": "github_team_membership",
                    "depends_on": [],
                    "primary": {
                        "id": "2826122:callumknights",
                        "attributes": {
                            "etag": "W/\"06693203f9da811087f3cb3e78639b4a\"",
                            "id": "2826122:callumknights",
                            "role": "member",
                            "team_id": "2826122",
                            "username": "callumknights"
                        },
                        "meta": {},
                        "tainted": false
                    },
                    "deposed": [],
                    "provider": "provider.github"
                },
                "github_team_membership.team_membership.1": {
                    "type": "github_team_membership",
                    "depends_on": [],
                    "primary": {
                        "id": "2826123:callumknights",
                        "attributes": {
                            "etag": "W/\"f1757193ec05954fae07475bad14bc66\"",
                            "id": "2826123:callumknights",
                            "role": "member",
                            "team_id": "2826123",
                            "username": "callumknights"
                        },
                        "meta": {},
                        "tainted": false
                    },
                    "deposed": [],
                    "provider": "provider.github"
                },
                "github_team_membership.team_membership.2": {
                    "type": "github_team_membership",
                    "depends_on": [],
                    "primary": {
                        "id": "2826125:callumknights",
                        "attributes": {
                            "etag": "W/\"a879936880922a12534666020e48484b\"",
                            "id": "2826125:callumknights",
                            "role": "member",
                            "team_id": "2826125",
                            "username": "callumknights"
                        },
                        "meta": {},
                        "tainted": false
                    },
                    "deposed": [],
                    "provider": "provider.github"
                },
                "github_team_membership.team_membership.3": {
                    "type": "github_team_membership",
                    "depends_on": [],
                    "primary": {
                        "id": "2915524:callumknights",
                        "attributes": {
                            "etag": "W/\"c818388825cb875b123f0390cfc8ca06\"",
                            "id": "2915524:callumknights",
                            "role": "member",
                            "team_id": "2915524",
                            "username": "callumknights"
                        },
                        "meta": {},
                        "tainted": false
                    },
                    "deposed": [],
                    "provider": "provider.github"
                }
            },
            "depends_on": []
        },
        {
            "path": [
                "root",
                "user_charlesic"
            ],
            "outputs": {},
            "resources": {
                "data.github_user.user": {
                    "type": "github_user",
                    "depends_on": [],
                    "primary": {
                        "id": "3608562",
                        "attributes": {
                            "avatar_url": "https://avatars2.githubusercontent.com/u/3608562?v=4",
                            "bio": "Traveller • Dancer • Entrepreneur • Hi-tech enthusiast • Sceptic • Software engineer • Born-again minimalist",
                            "blog": "",
                            "company": "Government Digital Service",
                            "email": "",
                            "followers": "8",
                            "following": "24",
                            "gpg_keys.#": "2",
                            "gpg_keys.0": "xsBNBFoz8zABCAC2zFZRq0GmBkw/mEtg9GPHlJ9hOSsp0VM2w2h3xKkSeCzGd/N2EAgDBRFvqxKLaCA8xN6265pTg1fSIKGZhP4UzrUiVY9Cfy2WBHHBK/zW0qOxqvXLDKNtXOA7G8ajzWIuFOYg53xubo3G7jeu4e18J5o9gUCTgxTYvFqllTJjO80+Kd1Ropecc/b9Y4LB9H0hRWGeWB7gwAKz62wn+7EQNLl+tRkT0QcgzHUMueP0hFOyc0hadKHEdrGwWtXtkaYYkBrs/lamWNgCR75GNXJfsXG1r6b80f2Zo8GRWPNylAZcxVElBw+8KKdZLccvQTMaJmIRv+7uwoxzMF78nTKVABEBAAE=",
                            "gpg_keys.1": "xsFNBFgZw4ABEACeXCI4UCDONn3XIIKAOSjwBO4nJcrf2hyuOo/ny9jUBr6EN7PJWtS1cP0LaHchzORfdl3Ue8sm9eRi8SiReyuF9PsJT11TDjBQpmoTI42w6QgLYs2lZWc4yfWfC6MA3LPMf/+NlLcH91EfsHYD0QfLWbNJ76SFvbTYkYD1MCM9bpiQD2pQGR2WXEXH/aomQM3lQVCwhjERMf3q91zjmSBqh8Zc6sZv5HAo5w3XFqTbX2xDdLR7ckDJSJe0+KzNDqjqG2OAqv4alS8zoHeqUC+2tDGuhsul77vCKpQ377nBI00X6NfC3GPwJQ8E9jnDuDbmFEYgX1SsufFLEbX9mDQMsrc5JIYxaZuzmAz7DK2CoVhizGD6g5VSXzr/QCpE8nlABwBG63ldfsJul0d0eAQkzXN4mU874qTFjUAbEksO8nCAzXD9MlVAke/TXAI7bA3sZTldjSpDRTQDAcvsPSZI3SxkZV08djTG16/cfQJaROQ9Xz+R5Fwy+b3PikkcYGVS49Ky7fXnLDXvluSm+3Oa49tBkffFyf0eRjvWfiQrgdarmubH16UaI2i5eHVMJDy26cZY5hcMLExodfN40c9GFAGCCyLDaA72vqNgk2wmo1E0yh9DDIsk1IFFDMEXDjWf56fzB1DOtyVWv1d6CGXALB0OvhEnVV+dSfF+29YqiQARAQAB",
                            "gravatar_id": "",
                            "id": "3608562",
                            "location": "London, UK",
                            "login": "CharlesIC",
                            "name": "Charles Karol Gancarz",
                            "public_gists": "1",
                            "public_repos": "24",
                            "site_admin": "false",
                            "ssh_keys.#": "5",
                            "ssh_keys.0": "ssh-rsa AAAAB3NzaC1yc2EAAAADAQABAAABAQCicDnVL0bM6MrPxrnW25wFoGRjMY3Lc+lKotAADB5dS3qbQOKIARq6qzRcxjboLKipcJF3i7UrkK4WKbCs9voDhrKR76As+1jqX65XWMl9PCxbPoqkz0rQWhuRpMOoVzTcLN0F+GV9NOXpLff0zOFjq3fMhvNxOCZkbmUYLoqkxi3TVPAGDw/OMDGaUenTI8K/eTbtkN+G4qAIDgreznZNLXRnOPvbHng/+LcduLdHKzeum0RbZPC7d8w3salhGgFJiZYDrD1Zt++WjhtrIImbTcUAGln/vjFfJhfA/D8yDvA1yU1LE1r3ue+OIWBKS2VU82rDy/OvE/7en8BoCjPv",
                            "ssh_keys.1": "ssh-rsa AAAAB3NzaC1yc2EAAAADAQABAAACAQDOQAAT3XfOTrFePHIhsrFyTJH+WiIDZwUz0SqK+0PkJ0QjqhgeNpg/BkXKBnOMQhdmoG60Gz8iE/khmzQqG2ioenInOwSHrSmKKdjvetwrO9SGMzmgeLY4fjnjc1zlKaxWIXIKwLr7CaV5PW+dKdgr07T+5Ycs8teHtmXQ79H5dSK1xnE/7EnM+tuP8rWmAd2A0PeEw53dmnD6/6EoAJGs7/exMDuwD/6Ug7k2Ds+rBvfiwRO1IpCIVCqlkLpI1kBo3FqqpQgs8rNObszWdTwjws3ZfpYz6HztocE/Oo6Z7Mk5P/nWErHGC8lubAwiEcRSXWn9CLZs3pFh+8BQDOrzXrQ9hQf+VqyTdJKM0jjGw5g93dr2/+8wiGEUHIg8F6q0QZDTgQk6eNy12YmWS/t6cI/nMXA+O4yNphi0QYJjSGBNcxsdxhdXZXLN0zzOXxQCSxhKoGSs0pbOwKFCqELBNUHPIHI4s7ONkFAgiS6/PVInwWVDrb6qg5c3+sp9Rtbfj+F9CA13U2dVsGuCSJNqvlbOHm+Tu4bGaTt//xufu9kLVMHEzDTPPpt9Am5ayRKFrn2je1nNfBNryU9dQKLzKd86Q381LgDukv3Cyy1pGV/CnQjVZk7hCipslGZUi1i73umv0nRwD6ITVmkMM7Wfg5vjKlAvEPts5RlRvlzctQ==",
                            "ssh_keys.2": "ssh-rsa AAAAB3NzaC1yc2EAAAADAQABAAACAQDds6HauwIZgfC2lVap6NaV+OTk7pYRfW4YylnSJCa5R+V/F4yWmAckkfbM6kH6KJyoTqj1+4eCm597RrGeMKpK5z0PfVqVut8awRaD/gCeF7O3BtOYzcWtJdmvofL1YvZaBAVlW7YYzO+hGKTPY969wDbMtOyKBVS3VjS8OUIN0O8XAkWtp60Hy0HXc0Z9eTw7cdJD+VcrlzUyUvj/LvGPuRVXUjJSH1Irwjoj3uNRbAUW9Fi+EktfkaZNbo+oab92dk59wCOGoGfRI2kgBE5jjKqcrRCsSkMxkBuX20yqFMBqCeyy6YMw2uXUqDIGE9vdNMrhmSq9r24FT/rv5RCA9Waegep78nC7cG6deH1NU7xoJgbg7lAsnCW6NO/ah7vn/D77iAKT4gdD9gd8HRBiyhDWwW1LfQqErYbnZopE4vC5oJ9kEfC1DeCKLgsJGvbqDLnv8bEdV9HFhwipZxoeMrOnJzEfBsrxk9TJwVg+gKyInkfCvEjYSJos3L/yBIgrWzrSXg/3GXgi82LCBAqeeqiGPNWDZC1Sd0/KDO+JodfDcWxBGE7I0b1l4/dEwjnZmzyIlEYlpR2A9OgaIRqexD99Ya8li7O+P5WeOJFF8cEnns7kqEuadKhk5jJujW6X6QIbqWZopkE4im4ZJcRBcgaXPkuK9CIbuDNyRCcSiQ==",
                            "ssh_keys.3": "ssh-rsa AAAAB3NzaC1yc2EAAAADAQABAAACAQC7tgFowAqpxK2kOtVtSRm9pWsPN5bK0JgeMCPYupuZzxhPInbMtQRNYClWIR7z3JVOtnAvp3e/sZvBWv9ZiHMaxQKDAWqMd0lTIbQ1RV+coZuFew8rw5tNO2q0mGj+vWC4hKg5dXz4j4fu0RhQD0pUzT+ZYZNztpdbdJ34R/h77pzjc4SP7q/s70BcHnrZP3STRq1VZfTE+sC/8ijsoEepc+M+mHzTIja6AnggyAYtP/Jrg1emTpX+Mq47k20q1THivRXK8q4GZjf/2I9Rs20LJgeUtLQqAMrN6aClnhfZB0hwAzuFMrZ+rjI8Rh9WvajoSOtgH8CC48BhsRZyWphPRHhO/akvHvDtSRaWGF2KJR+ixGwyNTQCNkD0nF1lMIiA5C7gHldtysBuhVvEIiMWLyzrpAE8LizkCfW7k1iW15BzP4zGvxOl0YAD7GUkP6kyZtUaAPH6S2P6GMlVyesK3qtFYZYIJyL4KCjg4HMBdfyINT9/7WHQlgJfzVdkU2wsteUemQrdN0pUlFiOm2NGDSQ6nN/qZ7E0yeVhy4ALIuaJD4lgDefd1WJt2+Ty4uCnzYSmp1JRzBYceOn4Pdq2ruoqw2m6PiaJvFeZeEwrGFWqtoZ0KMR1HXCCY+ppkpkX29HOj738wxvNoO70Dob5V8Euni9pvQ0QOQNQvAle7Q==",
                            "ssh_keys.4": "ssh-rsa AAAAB3NzaC1yc2EAAAADAQABAAABAQC8FO0tsNCL5kH+24sg3XBTbDY/K0Dnm/bqhGNj6ze8O05VUTV8Q8W8ks29Nhyy7kTdv1C1hGhsbNOwJxi6CnSaWezL6o/uyjlvoY7tqkYc2xG9+Ktrzf3/dSqenjipQhiFYkyoOzuYrTdzFDF0v3WITlyJ+PO9oEW+nvFZuB3Vgv9WHbruC+60MiaJYEI+Mb0bdcyGeguTm2iBDk3KhOFqf/Qx8y370TD2ncsBU+xp7pwkoOuKZ36qH98oMfh6YA3d0E6sCwpJbHO/4jK5cJA9Y+kodLVf3CMxTRRTLFRNPcwvH+Xjke+HouDg/ZBefzTs3QLz7wBEoWNi66ufA8tL",
                            "username": "CharlesIC"
                        },
                        "meta": {},
                        "tainted": false
                    },
                    "deposed": [],
                    "provider": "provider.github"
                },
                "github_membership.org_membership": {
                    "type": "github_membership",
                    "depends_on": [],
                    "primary": {
                        "id": "alphagov:CharlesIC",
                        "attributes": {
                            "etag": "W/\"3ce603cf81b91740d067a2235850afe8\"",
                            "id": "alphagov:CharlesIC",
                            "role": "member",
                            "username": "CharlesIC"
                        },
                        "meta": {},
                        "tainted": false
                    },
                    "deposed": [],
                    "provider": "provider.github"
                },
                "github_team_membership.team_membership.0": {
                    "type": "github_team_membership",
                    "depends_on": [],
                    "primary": {
                        "id": "2826122:CharlesIC",
                        "attributes": {
                            "etag": "W/\"01fed78845fe5a2f8ed2af16158e822a\"",
                            "id": "2826122:CharlesIC",
                            "role": "member",
                            "team_id": "2826122",
                            "username": "CharlesIC"
                        },
                        "meta": {},
                        "tainted": false
                    },
                    "deposed": [],
                    "provider": "provider.github"
                },
                "github_team_membership.team_membership.1": {
                    "type": "github_team_membership",
                    "depends_on": [],
                    "primary": {
                        "id": "2826121:CharlesIC",
                        "attributes": {
                            "etag": "W/\"d993c7172c9f3602324755c323fbbd9f\"",
                            "id": "2826121:CharlesIC",
                            "role": "member",
                            "team_id": "2826121",
                            "username": "CharlesIC"
                        },
                        "meta": {},
                        "tainted": false
                    },
                    "deposed": [],
                    "provider": "provider.github"
                },
                "github_team_membership.team_membership.2": {
                    "type": "github_team_membership",
                    "depends_on": [],
                    "primary": {
                        "id": "2826120:CharlesIC",
                        "attributes": {
                            "etag": "W/\"9faa171074672ed364e208799302f0ad\"",
                            "id": "2826120:CharlesIC",
                            "role": "member",
                            "team_id": "2826120",
                            "username": "CharlesIC"
                        },
                        "meta": {},
                        "tainted": false
                    },
                    "deposed": [],
                    "provider": "provider.github"
                },
                "github_team_membership.team_membership.3": {
                    "type": "github_team_membership",
                    "depends_on": [],
                    "primary": {
                        "id": "2826126:CharlesIC",
                        "attributes": {
                            "etag": "W/\"1900fe38f1a7e2aceac875f14c2a39a7\"",
                            "id": "2826126:CharlesIC",
                            "role": "member",
                            "team_id": "2826126",
                            "username": "CharlesIC"
                        },
                        "meta": {},
                        "tainted": false
                    },
                    "deposed": [],
                    "provider": "provider.github"
                },
                "github_team_membership.team_membership.4": {
                    "type": "github_team_membership",
                    "depends_on": [],
                    "primary": {
                        "id": "2826123:CharlesIC",
                        "attributes": {
                            "etag": "W/\"1dbb7027e5914eb7929810a9789ffaa0\"",
                            "id": "2826123:CharlesIC",
                            "role": "member",
                            "team_id": "2826123",
                            "username": "CharlesIC"
                        },
                        "meta": {},
                        "tainted": false
                    },
                    "deposed": [],
                    "provider": "provider.github"
                },
                "github_team_membership.team_membership.5": {
                    "type": "github_team_membership",
                    "depends_on": [],
                    "primary": {
                        "id": "2826125:CharlesIC",
                        "attributes": {
                            "etag": "W/\"a0113b941862a31b3874a671252bdd5b\"",
                            "id": "2826125:CharlesIC",
                            "role": "member",
                            "team_id": "2826125",
                            "username": "CharlesIC"
                        },
                        "meta": {},
                        "tainted": false
                    },
                    "deposed": [],
                    "provider": "provider.github"
                },
                "github_team_membership.team_membership.6": {
                    "type": "github_team_membership",
                    "depends_on": [],
                    "primary": {
                        "id": "2915524:CharlesIC",
                        "attributes": {
                            "etag": "W/\"60ae2437386f9c9f32465f45757ed963\"",
                            "id": "2915524:CharlesIC",
                            "role": "member",
                            "team_id": "2915524",
                            "username": "CharlesIC"
                        },
                        "meta": {},
                        "tainted": false
                    },
                    "deposed": [],
                    "provider": "provider.github"
                }
            },
            "depends_on": []
        },
        {
            "path": [
                "root",
                "user_chris_wynne"
            ],
            "outputs": {},
            "resources": {
                "data.github_user.user": {
                    "type": "github_user",
                    "depends_on": [],
                    "primary": {
                        "id": "13836290",
                        "attributes": {
                            "avatar_url": "https://avatars1.githubusercontent.com/u/13836290?v=4",
                            "bio": "",
                            "blog": "",
                            "company": "",
                            "email": "chris.wynndow@gmail.com",
                            "followers": "30",
                            "following": "51",
                            "gpg_keys.#": "1",
                            "gpg_keys.0": "xsFNBFi5a34BEADiphRzdUqzGbHXIK3cSBZIYmpkfvLaGIjd7FNkqYzzdc0h7LYtPcvShF+vRFOwWTWAMqqHDX6g28Sit9YM3akdaiEraohfl2q4nLf3W5MepPW9X+AOYwPYvz1u7JASi+kh9f0dhxgnD+9QvHlC2GoJth+4PCWF+irOrjhmWEcfaafPIGIk3zMSB54jg0OXWJZIs9Aq0ClNJ+aT2VW76f5KlXsPP4zKAyr623Wwf6X2Lucu523cnNPzxNhdVY7RoAbfw38hPyaD6sOEHRJReHWBgMhP5nSt1WEuHOP+aifdTizE7T4WNwwMJeSLekbAnSIVVaj/k3JKuMk5xPEnzKeci7gd/b3hVuMVJ3SWSFp5kuW0eH90rUF5Amvw6ckhXHgdm0srYAzqUuWYCSNI8tWfR304U5hed7LMSQFZMBC+QRVOtOhRNJwvkZ7i+Gf+1Kh2HWKCnUex6ig2BXrFpfCxb3Zy8Q910VggL5kdRDTwye5SJ88XIc+3qaGTJa1OKeISjYk89BjDwlVoWhBYvYt9vMEBIjyiyHdK+iBLcQ0WKCkSbwpl6qqWYpJvZtCkUvpTyuXXTyygdFP7yqIcY2SA42dknySd5e/DoXk0yrnlEkDyxDW5jWtnczo/UQYwzjIACeanmzqAPFz49bWLwExi4sCYdVO8xo3XRAY+tCoS5QARAQAB",
                            "gravatar_id": "",
                            "id": "13836290",
                            "location": "",
                            "login": "Wynndow",
                            "name": "Chris Wynne",
                            "public_gists": "0",
                            "public_repos": "57",
                            "site_admin": "false",
                            "ssh_keys.#": "2",
                            "ssh_keys.0": "ssh-rsa AAAAB3NzaC1yc2EAAAADAQABAAACAQC0R/FNIhMo7NLInnxOD7+2Ig74+8rND6f4tzFQELhFXTLxnJ8DTgeSJw5VV/w2URiiE4uFmbOyje4UxplN11TEJ4eBwOTkgVNifidkAwgX+Kdwuz08DvpmznXqgFIYZjxqxk2nJKzzt2B543ELZjpza3VSxIynDjVVaLGD8QYfC78oG9A8PkqctXTg4p5BfmHUZAhgdJ5nasBITvQ7q0KOo5p8DDWw5sFEfi7qpRAoOw3SsAZNmZ5qQRfa/D48UB2bGgjqAjLREEWyHYhS2VH+TUjT/ik7q6M+w4Q77PX+l8bwzREKC+KO4CkFMxKRYD78l4vYlHwGpiLkvc2TvAZZF+WKKJmANgwHa/AwSKwI9EM7JNt/g3fx5plHGcoQzLpS66WKkK4pHMeP1i2wWyyvMtJAWOy2FAZXemeotjbAC2XU2dfciinfAHxc/CcUQBObEPj8FhVWUZ3w7QDp/C1dp8WkRQgt2l3vqRZGQ+39GlGtf+XRo4xUsDTzZvWQROM11/JQXi7eBjR4bxWPt0e2HXogUA+i1se6F8RX7i52T+NnmCFOgA7ZjLjp/Xebg42dEyoihbphRV98R5gIqUxIgIrrDl8rqny3uoPqj1OHLBFeQ3MhnMcXVjP4XFrcuiyLKsuSDqeolIgXPmEpK6z05qwQcyvTqTZJOOU4x3AHJQ==",
                            "ssh_keys.1": "ssh-ed25519 AAAAC3NzaC1lZDI1NTE5AAAAIE9T91QWFwsIsEuPX14lwMoTZ2VdeQXaGKmOGdgle4yc",
                            "username": "Wynndow"
                        },
                        "meta": {},
                        "tainted": false
                    },
                    "deposed": [],
                    "provider": "provider.github"
                },
                "github_membership.org_membership": {
                    "type": "github_membership",
                    "depends_on": [],
                    "primary": {
                        "id": "alphagov:Wynndow",
                        "attributes": {
                            "etag": "W/\"6247095c03ce694e536e91144ce8ee4a\"",
                            "id": "alphagov:Wynndow",
                            "role": "member",
                            "username": "Wynndow"
                        },
                        "meta": {},
                        "tainted": false
                    },
                    "deposed": [],
                    "provider": "provider.github"
                },
                "github_team_membership.team_membership.0": {
                    "type": "github_team_membership",
                    "depends_on": [],
                    "primary": {
                        "id": "2826122:Wynndow",
                        "attributes": {
                            "etag": "W/\"7f74f376476f83ec48e823af8d8cd7a1\"",
                            "id": "2826122:Wynndow",
                            "role": "member",
                            "team_id": "2826122",
                            "username": "Wynndow"
                        },
                        "meta": {},
                        "tainted": false
                    },
                    "deposed": [],
                    "provider": "provider.github"
                },
                "github_team_membership.team_membership.1": {
                    "type": "github_team_membership",
                    "depends_on": [],
                    "primary": {
                        "id": "2826121:Wynndow",
                        "attributes": {
                            "etag": "W/\"ce3c67dcc5da9bb96216f2ea5dbb552a\"",
                            "id": "2826121:Wynndow",
                            "role": "member",
                            "team_id": "2826121",
                            "username": "Wynndow"
                        },
                        "meta": {},
                        "tainted": false
                    },
                    "deposed": [],
                    "provider": "provider.github"
                },
                "github_team_membership.team_membership.2": {
                    "type": "github_team_membership",
                    "depends_on": [],
                    "primary": {
                        "id": "2826120:Wynndow",
                        "attributes": {
                            "etag": "W/\"ac401fae546827f98ed8a96e9d8005f2\"",
                            "id": "2826120:Wynndow",
                            "role": "member",
                            "team_id": "2826120",
                            "username": "Wynndow"
                        },
                        "meta": {},
                        "tainted": false
                    },
                    "deposed": [],
                    "provider": "provider.github"
                },
                "github_team_membership.team_membership.3": {
                    "type": "github_team_membership",
                    "depends_on": [],
                    "primary": {
                        "id": "2826126:Wynndow",
                        "attributes": {
                            "etag": "W/\"a49e15cb9e741f323dab55743d0507bd\"",
                            "id": "2826126:Wynndow",
                            "role": "member",
                            "team_id": "2826126",
                            "username": "Wynndow"
                        },
                        "meta": {},
                        "tainted": false
                    },
                    "deposed": [],
                    "provider": "provider.github"
                },
                "github_team_membership.team_membership.4": {
                    "type": "github_team_membership",
                    "depends_on": [],
                    "primary": {
                        "id": "2826123:Wynndow",
                        "attributes": {
                            "etag": "W/\"ccab2ae95c514f7943e2ac9d0005b2f2\"",
                            "id": "2826123:Wynndow",
                            "role": "member",
                            "team_id": "2826123",
                            "username": "Wynndow"
                        },
                        "meta": {},
                        "tainted": false
                    },
                    "deposed": [],
                    "provider": "provider.github"
                },
                "github_team_membership.team_membership.5": {
                    "type": "github_team_membership",
                    "depends_on": [],
                    "primary": {
                        "id": "2826125:Wynndow",
                        "attributes": {
                            "etag": "W/\"1808312e82c524d59c2ade722ede0e5c\"",
                            "id": "2826125:Wynndow",
                            "role": "member",
                            "team_id": "2826125",
                            "username": "Wynndow"
                        },
                        "meta": {},
                        "tainted": false
                    },
                    "deposed": [],
                    "provider": "provider.github"
                },
                "github_team_membership.team_membership.6": {
                    "type": "github_team_membership",
                    "depends_on": [],
                    "primary": {
                        "id": "2915524:Wynndow",
                        "attributes": {
                            "etag": "W/\"fb49496c861344d4c3fbd8a2715d9653\"",
                            "id": "2915524:Wynndow",
                            "role": "member",
                            "team_id": "2915524",
                            "username": "Wynndow"
                        },
                        "meta": {},
                        "tainted": false
                    },
                    "deposed": [],
                    "provider": "provider.github"
                }
            },
            "depends_on": []
        },
        {
            "path": [
                "root",
                "user_chrisclayson"
            ],
            "outputs": {},
            "resources": {
                "data.github_user.user": {
                    "type": "github_user",
                    "depends_on": [],
                    "primary": {
                        "id": "8633930",
                        "attributes": {
                            "avatar_url": "https://avatars2.githubusercontent.com/u/8633930?v=4",
                            "bio": "",
                            "blog": "",
                            "company": "",
                            "email": "",
                            "followers": "0",
                            "following": "0",
                            "gpg_keys.#": "1",
                            "gpg_keys.0": "xsFNBFlw/BEBEADGlhnu6knL1sXMUbR3uI8vLCdzVDo4csT0gExgbztZrii8d22wfh8SiplB+7swh0exSowT7KmViAAei/hmrsaVChCMoAWwxLIOBo6Q5kYC0jt1kv573OVyAGw3hDXd/qAr8lr/Ho1GvrwSkVWlRHZK3u+9tx3T0/RjXb9y+GLlKu6O4RmT89EBucJaoN/18Zpset9hbQOsm6ZdxidJOr5R7B8LFAzDwNiUZbzj9Me5W3z6F+KUTQh4Rtf5c8bXpDt5Z/APXW57HuHKaf6iY6l/kYyXLGTAk7K0BbKeUbJOhMRC8j52RZSv2hJ3NxAqpf2/q76ZMl8uFH7P9LGp8gk8ZvvooE0u9INW1jV8tG+Ue12GWYVYvSm3tAP9Ykd1OJiee4ut5GjBjDkhh2BqGX0RXuKwycC4rjK2RjxAp5GBUJReHBO3tQ1fHpNYvI0/uxJ4C0I2MF7PZPhCn345Md0ZjO/PS4qplWfQ4htErxkq212fjKVkfxG7R+f+idLPblzbQ+awUvN8mxujCT51fy4xwhnkNRfuAmBfDO395K9KoTDNO7utlqowpVhfpxEUP7HfcfseWPf64qdYijzI1DeNi7QMxUk0mQYgsr8vqevTOFcEPDiV5wFpqDf8SHQCh7kRP2J95Ua2OLeqwcAqO8YmWXfvRjW5XUSci07vprojeQARAQAB",
                            "gravatar_id": "",
                            "id": "8633930",
                            "location": "",
                            "login": "chrisclayson",
                            "name": "",
                            "public_gists": "0",
                            "public_repos": "4",
                            "site_admin": "false",
                            "ssh_keys.#": "3",
                            "ssh_keys.0": "ssh-rsa AAAAB3NzaC1yc2EAAAADAQABAAACAQDJx/NarlUlUSVemgyfK9XC2eaWYRKq9ywfJ3k0mEZ35pXis7tKFb/ERzwMKiXl46VSo7DaFhoCeZZPiIqHa3H2Wmxctug/I+ltb7g5jG7o5Pg941J6vVSO4j0TrebWrBhvnk2jDB/LvVllL9wGHevt5ZJIsI7r3LiJuzOmRZYQjpCPAEdImy0+Wm1uDASHJgi8UadfA6nYtWPRXS9bzqovr6ue287sn0AUlOCV0K+pliliTTsJIEhYsoWKv16qjjg1RIpqfVQllawhW5SGWHOfgXHod1PAXHIqSQff4KivEaEDXvARBgtz3MsRK44Bhs5EmemGZ0svX5wyI5Q9HgK7E23AyG9CYowlV96bMPEV670V9bUQ5WQ3p0rc2SRJbzhwXkLobJIVcRqwKqiwLvrEtjz6jb4ANDDIT77EECWTglr789nVg8dn21QzoSwebyIrBwVv2P+v6x25FBM3rujcNYJ7xt4k2NVevh/Gj0kDZMEoSzv9xLT/s1J+w/igdSvAq+UDM23IYr39K1/vzZS/wO6OOKTYLFqA6/uWlBNZK3SyMxgDdDbnm+4FoMkf9eKkW9+jfH1N8AVU8RlVfKdTtERg7ROzvV3PHPfQCXUZxShjTVyHob2vTYpK28ksTty4R58w8MUfRzzhEGZi3K9hA588/8irb3ZUI2qyS9GhqQ==",
                            "ssh_keys.1": "ssh-rsa AAAAB3NzaC1yc2EAAAABIwAAAgEApHaUnNgOrYXNOZL7sZisJtoTRWgaiT5fcXzreP3gHE33Ch91Bglk4/tWId/joY7h6EdbQTWo4dwXL1PuDVd4+zL364eS5cD3xj3SitnUZXPeZGprh7XAnWKyKgArSXalge1BM6EQZxA+lYJJ22CVN9nMEyJOaD7aS6hqmuDBdFRNLih5ga/hR0XkoVaJ10DCG5Ngt5+8dKymVCcl6aU8eGZMjxO4iN1SAaFkEi174iyiRImF2hT37vX+vo0zkdTQpJA1bbFYWEfnABrW6FQKZ97TpeDdQnQa6lwOQg6TYedD6ZxAC3/3QkG41Bkq4287BAEoGtzbEpeC0ykCIwAzNlFu6GoowwH3aTLc892vEyC7cq+q8yc6AYzsMBZDBC8iEKfkgqRjNILPW7OX9bCJkYYmkiF6gFKq2aYucy0MpxHeVPqcg59YNY7uAMRKmjkVwD3AUSi8p/+Oa9JwMqVBY+tVb1I59ivykal+Rf/WnFjSu2hIGOd4E7NtjRbnDDCdd/O+vw9jfknp7KNMAOC0pF5Oc5exOebJKtQkRYqV4r0GkcKeeB5obEG4kIjAMig6lkbAgWSNzW+AmTSBwf1E1k6yi+AsJG3fHthhNLkAcfTmEJU73H1wFqJMNhirDPL8EkL8nzKrW3LkYuCpdUSF5yJzWy5rZEsWJ4mhtYju7ak=",
                            "ssh_keys.2": "ssh-rsa AAAAB3NzaC1yc2EAAAADAQABAAABAQChDEAYeY4uzTJGDM0xeoGtgMEabzbmz/39qkRXwUT8PpSbBeBLT89Oy7lzMVtQZDFN5mHRodUYj2N2o4hhC+v7ee4Xutvq2fTEOIwO/P+WWErPH3zFst0vaN/NO9xlbSDzZlAyzLzC6HRrIg+N7OmSo6GzKMT53vltEPYsv7BWorbrlUtf+xEgzCTjy1EX+dm2Rl5sraDIdJU8mDbmGDPw+ohcokpIlOHV+t3Vv9LuLASn5+YMsApvLNLFnXJtc9Q6LMMqWM96cl0XUzzanIQIYMAS1OrxmM0ul+WcYbcK8V8mkw6HU5uBpL+6NsAoJJiTXIdWujM1e0Y9OrkH8xMn",
                            "username": "chrisclayson"
                        },
                        "meta": {},
                        "tainted": false
                    },
                    "deposed": [],
                    "provider": "provider.github"
                },
                "github_membership.org_membership": {
                    "type": "github_membership",
                    "depends_on": [],
                    "primary": {
                        "id": "alphagov:chrisclayson",
                        "attributes": {
                            "etag": "W/\"874be70fde0ce1bb05d75d479d361471\"",
                            "id": "alphagov:chrisclayson",
                            "role": "member",
                            "username": "chrisclayson"
                        },
                        "meta": {},
                        "tainted": false
                    },
                    "deposed": [],
                    "provider": "provider.github"
                },
                "github_team_membership.team_membership.0": {
                    "type": "github_team_membership",
                    "depends_on": [],
                    "primary": {
                        "id": "2826122:chrisclayson",
                        "attributes": {
                            "etag": "W/\"e8bbee6ca29535e3f83c5ce2e16cff4f\"",
                            "id": "2826122:chrisclayson",
                            "role": "member",
                            "team_id": "2826122",
                            "username": "chrisclayson"
                        },
                        "meta": {},
                        "tainted": false
                    },
                    "deposed": [],
                    "provider": "provider.github"
                },
                "github_team_membership.team_membership.1": {
                    "type": "github_team_membership",
                    "depends_on": [],
                    "primary": {
                        "id": "2826123:chrisclayson",
                        "attributes": {
                            "etag": "W/\"256bfbe7a7613a1cb9db17f94f70256f\"",
                            "id": "2826123:chrisclayson",
                            "role": "member",
                            "team_id": "2826123",
                            "username": "chrisclayson"
                        },
                        "meta": {},
                        "tainted": false
                    },
                    "deposed": [],
                    "provider": "provider.github"
                },
                "github_team_membership.team_membership.2": {
                    "type": "github_team_membership",
                    "depends_on": [],
                    "primary": {
                        "id": "2826125:chrisclayson",
                        "attributes": {
                            "etag": "W/\"bc4ed53a8e304866b99e30c253e929a6\"",
                            "id": "2826125:chrisclayson",
                            "role": "member",
                            "team_id": "2826125",
                            "username": "chrisclayson"
                        },
                        "meta": {},
                        "tainted": false
                    },
                    "deposed": [],
                    "provider": "provider.github"
                },
                "github_team_membership.team_membership.3": {
                    "type": "github_team_membership",
                    "depends_on": [],
                    "primary": {
                        "id": "2915524:chrisclayson",
                        "attributes": {
                            "etag": "W/\"5dee442acb64afd3eda8d5b5a75a84db\"",
                            "id": "2915524:chrisclayson",
                            "role": "member",
                            "team_id": "2915524",
                            "username": "chrisclayson"
                        },
                        "meta": {},
                        "tainted": false
                    },
                    "deposed": [],
                    "provider": "provider.github"
                }
            },
            "depends_on": []
        },
        {
            "path": [
                "root",
                "user_chrisholmes"
            ],
            "outputs": {},
            "resources": {
                "data.github_user.user": {
                    "type": "github_user",
                    "depends_on": [],
                    "primary": {
                        "id": "799295",
                        "attributes": {
                            "avatar_url": "https://avatars3.githubusercontent.com/u/799295?v=4",
                            "bio": "",
                            "blog": "",
                            "company": "Government Digital Service",
                            "email": "",
                            "followers": "5",
                            "following": "1",
                            "gpg_keys.#": "0",
                            "gravatar_id": "",
                            "id": "799295",
                            "location": "United Kingdom",
                            "login": "chrisholmes",
                            "name": "Christopher Holmes",
                            "public_gists": "1",
                            "public_repos": "16",
                            "site_admin": "false",
                            "ssh_keys.#": "2",
                            "ssh_keys.0": "ssh-rsa AAAAB3NzaC1yc2EAAAADAQABAAACAQDItlw+DPFCaie3lzPAVjzdbr7ACYxXCutEDEyWPPsWx1bX8DumKW7HqeHFXbW+FxWGXr85VZ2a2PeOONbX2i8dX5WeZnDqWIAdXGcntS5shVQYOK+c2CzMYkUcqzYjPo2j8rO8lln08J4JDEGqbQ5vRPi4WyUfYMfmW1O5J6MyBlCD/qxaUprgdbqEXqv00I9fTAu4oO8JuXkWlLJ6Q5DkayFNlprGHpP/RVuL0k73GDkiq53AiU+j5aFebUxPV49opQdT3kJDAJKuZmI0vyeyq4pi5LepsBO4LLGPBv40wW2N3rQ5fstmhsyZDlA2VVmmIJfV/k7fz2aRIaNJ+UpLf+v28pqX9sbFQYisjPtSJBeSLydcZwf0tW/wocCHJaJNbqrO2Oh8rENWXbowjmfeopnxUnyLoLtXZjAMo8ML/JZuF3yZVfmvqtqNGdQnCFU/608CpWXJzOBhRY/Tn7u0+h2TQu+Nyr8quCSFHCmALR/mGd05zhxWuqAXp6Ra650VnGJfRmzGmyzz2gF0Y95kH3D9KVorIiMXg4H5VtCOefQ1iVH54J3IqqjPZp2jfXc3KQYT+I8RBvS7VbFpUVNBqrGvAcQasF4icnx9qttQbzvXBkFkjCtm7NRgmsRq3YYDfW4FdIOrm+L2CE010fGQHtjqOfqCNH4YL8K72eHN8w==",
                            "ssh_keys.1": "ssh-rsa AAAAB3NzaC1yc2EAAAADAQABAAACAQDw9G2qKEgpGQ8jDjsgAhjWz4eSH1lPn5A0VmeaKzPemQYYuBUu9TD9Dj6IULVn9fLSWMKrfTiV0yTcTCdUEHg/Gm5qol0h6Fd0IFAzfQd36RKtqB55IDfpNoywuNtnUgKezw+cAfbWHi3r1M1tMquh8QasuQbmI59E6RhciVlHDn2IqHzKXU+8LRsO8iJf3Bc0HxxTN1EZ5FGuV9DJMqPSeIQi6TfU12Goejf1mo0KB5NOAoJfsshtcduKSkmtFhcoMVKQIgXAo7UfIFjY+z5M8F68IJIEkHnrDvIE6JHht8hriUosYPh4dbLNCVgdv+VYWDjDqpDXbtJNXLgeOEn90Rf/O7oCEQCQ0ozTAGn+/VDphcT/Z+ksSRTOr9j+Wi5DPiX80SkTNz6Ua9efNlhtUWjcN6jeukFM/qzHRVHw0TDA4VG862kFNXr3UM+QKCbXFFIYt32yNhrF+BZxpcJM+4Sxlaa6rb0JLQV4+YE50naGgmL9UiQc60bhd7RcOjHZfUv5cwws7t3xh8A9PhPN014gA8YvptYo4FWizA0N8KbZlK4RlB3FcxGPnqa9LDOPktY83ek5rqCeF9/eWs8XSJ95SyxJfg49rVEnRA3ON4gprmAVOKExtNCrXC/uyUqnu17vT016tN+QCypEPZYRtpxgPJMvA74OXTwBUAomXQ==",
                            "username": "chrisholmes"
                        },
                        "meta": {},
                        "tainted": false
                    },
                    "deposed": [],
                    "provider": "provider.github"
                },
                "github_membership.org_membership": {
                    "type": "github_membership",
                    "depends_on": [],
                    "primary": {
                        "id": "alphagov:chrisholmes",
                        "attributes": {
                            "etag": "W/\"743801f93107b35e291986a776b74d7c\"",
                            "id": "alphagov:chrisholmes",
                            "role": "admin",
                            "username": "chrisholmes"
                        },
                        "meta": {},
                        "tainted": false
                    },
                    "deposed": [],
                    "provider": "provider.github"
                },
                "github_team_membership.team_membership.0": {
                    "type": "github_team_membership",
                    "depends_on": [],
                    "primary": {
                        "id": "2826122:chrisholmes",
                        "attributes": {
                            "etag": "W/\"d90a749520f5990d0151ce003a3f5a15\"",
                            "id": "2826122:chrisholmes",
                            "role": "maintainer",
                            "team_id": "2826122",
                            "username": "chrisholmes"
                        },
                        "meta": {},
                        "tainted": false
                    },
                    "deposed": [],
                    "provider": "provider.github"
                },
                "github_team_membership.team_membership.1": {
                    "type": "github_team_membership",
                    "depends_on": [],
                    "primary": {
                        "id": "2826127:chrisholmes",
                        "attributes": {
                            "etag": "W/\"a596f1dc8dbecc97a8e80c920b354549\"",
                            "id": "2826127:chrisholmes",
                            "role": "maintainer",
                            "team_id": "2826127",
                            "username": "chrisholmes"
                        },
                        "meta": {},
                        "tainted": false
                    },
                    "deposed": [],
                    "provider": "provider.github"
                },
                "github_team_membership.team_membership.2": {
                    "type": "github_team_membership",
                    "depends_on": [],
                    "primary": {
                        "id": "2826126:chrisholmes",
                        "attributes": {
                            "etag": "W/\"f92bfefe74787a75d0f738c4316c12b5\"",
                            "id": "2826126:chrisholmes",
                            "role": "maintainer",
                            "team_id": "2826126",
                            "username": "chrisholmes"
                        },
                        "meta": {},
                        "tainted": false
                    },
                    "deposed": [],
                    "provider": "provider.github"
                },
                "github_team_membership.team_membership.3": {
                    "type": "github_team_membership",
                    "depends_on": [],
                    "primary": {
                        "id": "2826121:chrisholmes",
                        "attributes": {
                            "etag": "W/\"42430bbcee3b0e7c261caae88e96cb6a\"",
                            "id": "2826121:chrisholmes",
                            "role": "maintainer",
                            "team_id": "2826121",
                            "username": "chrisholmes"
                        },
                        "meta": {},
                        "tainted": false
                    },
                    "deposed": [],
                    "provider": "provider.github"
                },
                "github_team_membership.team_membership.4": {
                    "type": "github_team_membership",
                    "depends_on": [],
                    "primary": {
                        "id": "2826120:chrisholmes",
                        "attributes": {
                            "etag": "W/\"f58377269c17e80799cb7f2df96458cf\"",
                            "id": "2826120:chrisholmes",
                            "role": "maintainer",
                            "team_id": "2826120",
                            "username": "chrisholmes"
                        },
                        "meta": {},
                        "tainted": false
                    },
                    "deposed": [],
                    "provider": "provider.github"
                },
                "github_team_membership.team_membership.5": {
                    "type": "github_team_membership",
                    "depends_on": [],
                    "primary": {
                        "id": "2826123:chrisholmes",
                        "attributes": {
                            "etag": "W/\"880a3454fd36a197d352b11170b1c22d\"",
                            "id": "2826123:chrisholmes",
                            "role": "maintainer",
                            "team_id": "2826123",
                            "username": "chrisholmes"
                        },
                        "meta": {},
                        "tainted": false
                    },
                    "deposed": [],
                    "provider": "provider.github"
                },
                "github_team_membership.team_membership.6": {
                    "type": "github_team_membership",
                    "depends_on": [],
                    "primary": {
                        "id": "2826125:chrisholmes",
                        "attributes": {
                            "etag": "W/\"7baacca94dd54eacd8f789caf00ce751\"",
                            "id": "2826125:chrisholmes",
                            "role": "maintainer",
                            "team_id": "2826125",
                            "username": "chrisholmes"
                        },
                        "meta": {},
                        "tainted": false
                    },
                    "deposed": [],
                    "provider": "provider.github"
                },
                "github_team_membership.team_membership.7": {
                    "type": "github_team_membership",
                    "depends_on": [],
                    "primary": {
                        "id": "2915520:chrisholmes",
                        "attributes": {
                            "etag": "W/\"624a73594254b9beb296f8a8f338c0ae\"",
                            "id": "2915520:chrisholmes",
                            "role": "maintainer",
                            "team_id": "2915520",
                            "username": "chrisholmes"
                        },
                        "meta": {},
                        "tainted": false
                    },
                    "deposed": [],
                    "provider": "provider.github"
                },
                "github_team_membership.team_membership.8": {
                    "type": "github_team_membership",
                    "depends_on": [],
                    "primary": {
                        "id": "2826124:chrisholmes",
                        "attributes": {
                            "etag": "W/\"eb28ac330396cd34ce9f164f698cad59\"",
                            "id": "2826124:chrisholmes",
                            "role": "maintainer",
                            "team_id": "2826124",
                            "username": "chrisholmes"
                        },
                        "meta": {},
                        "tainted": false
                    },
                    "deposed": [],
                    "provider": "provider.github"
                },
                "github_team_membership.team_membership.9": {
                    "type": "github_team_membership",
                    "depends_on": [],
                    "primary": {
                        "id": "2915524:chrisholmes",
                        "attributes": {
                            "etag": "W/\"7ab94463571e4a56b34d24d2a09fb91e\"",
                            "id": "2915524:chrisholmes",
                            "role": "maintainer",
                            "team_id": "2915524",
                            "username": "chrisholmes"
                        },
                        "meta": {},
                        "tainted": false
                    },
                    "deposed": [],
                    "provider": "provider.github"
                }
            },
            "depends_on": []
        },
        {
            "path": [
                "root",
                "user_daniele_occhipinti"
            ],
            "outputs": {},
            "resources": {
                "data.github_user.user": {
                    "type": "github_user",
                    "depends_on": [],
                    "primary": {
                        "id": "22837571",
                        "attributes": {
                            "avatar_url": "https://avatars1.githubusercontent.com/u/22837571?v=4",
                            "bio": "Backend / Fullstack Java Engineer (with devops and some business acumen)",
                            "blog": "http://www.danieleocchipinti.com",
                            "company": "",
                            "email": "",
                            "followers": "1",
                            "following": "0",
                            "gpg_keys.#": "0",
                            "gravatar_id": "",
                            "id": "22837571",
                            "location": "London, UK",
                            "login": "daniele-occhipinti",
                            "name": "Daniele Occhipinti",
                            "public_gists": "0",
                            "public_repos": "11",
                            "site_admin": "false",
                            "ssh_keys.#": "1",
                            "ssh_keys.0": "ssh-rsa AAAAB3NzaC1yc2EAAAADAQABAAACAQCqw5cUt06g8gFL6QFCneCPAY4Eo/DHDx8ubw3VqejKYBnflhP42L+MBgV2wFhwteBaPBeOhf/hgufIiIe2UR6DP8jtUZ4isJxC+2HH7uNUQgrBclNzYkKxreVS2+ob+eHObMMUJO9TmuXgZ0cOOIfXa2nyq0kU5BTC3PAwx1BwZmPNkyQfAc78NLI854H2xIov0L6Z3ra6PQN1y0qZy0idJwL6H8+uPNMe70Nwmv0dawnW7iB7GPUMKpdY8bc5Ym1DB4/A+z5f+UeWhKFVUrFfyAvzTdKIVpZUGOgvMM3tbtRbNMZ5kcyECLiIXd1Buv7QcvAcI1K+0mP29pUnLvB1TKfXouz9r7zfq51hyzFTaqJMgf92PKe8sw84zbmu7R2B+RfxKPEoTw4LTi98IqrKt+QBxufdrnc9FRy2UyMnvtWEtc/YXKfBQrGZGTKZWyRJJvWwqZ27cBS8Q98nW5DIA8bkdh+GlIfiDJWh3oDanJnYaC8avC1wUjjRtYTK8VMD1sm2ogPny7boI7P/O5h6zfv0/v0bdcAGqP+nqg4Bl0eSuEVDdXJ+F5L6hoQKrmIf/XvMKortlcDocQ7DzSdbfY9iPm5ALAwrimeR/JPMTAa+ibw08pjtXg38bsw1YpchEg8m+8av7tQmbQb+LimTT0cfrZ1PKDYiwUQu9PpNQw==",
                            "username": "daniele-occhipinti"
                        },
                        "meta": {},
                        "tainted": false
                    },
                    "deposed": [],
                    "provider": "provider.github"
                },
                "github_membership.org_membership": {
                    "type": "github_membership",
                    "depends_on": [],
                    "primary": {
                        "id": "alphagov:daniele-occhipinti",
                        "attributes": {
                            "etag": "W/\"6b07b6ee42ff2bf77081298059e91104\"",
                            "id": "alphagov:daniele-occhipinti",
                            "role": "member",
                            "username": "daniele-occhipinti"
                        },
                        "meta": {},
                        "tainted": false
                    },
                    "deposed": [],
                    "provider": "provider.github"
                },
                "github_team_membership.team_membership.0": {
                    "type": "github_team_membership",
                    "depends_on": [],
                    "primary": {
                        "id": "2826122:daniele-occhipinti",
                        "attributes": {
                            "etag": "W/\"4614d5b2599d8e847289cfa96a134412\"",
                            "id": "2826122:daniele-occhipinti",
                            "role": "member",
                            "team_id": "2826122",
                            "username": "daniele-occhipinti"
                        },
                        "meta": {},
                        "tainted": false
                    },
                    "deposed": [],
                    "provider": "provider.github"
                },
                "github_team_membership.team_membership.1": {
                    "type": "github_team_membership",
                    "depends_on": [],
                    "primary": {
                        "id": "2826123:daniele-occhipinti",
                        "attributes": {
                            "etag": "W/\"0dea04efee84db44ce1682165add7014\"",
                            "id": "2826123:daniele-occhipinti",
                            "role": "member",
                            "team_id": "2826123",
                            "username": "daniele-occhipinti"
                        },
                        "meta": {},
                        "tainted": false
                    },
                    "deposed": [],
                    "provider": "provider.github"
                },
                "github_team_membership.team_membership.2": {
                    "type": "github_team_membership",
                    "depends_on": [],
                    "primary": {
                        "id": "2826125:daniele-occhipinti",
                        "attributes": {
                            "etag": "W/\"95ac7682d92847b2537b48d89cbcef5a\"",
                            "id": "2826125:daniele-occhipinti",
                            "role": "member",
                            "team_id": "2826125",
                            "username": "daniele-occhipinti"
                        },
                        "meta": {},
                        "tainted": false
                    },
                    "deposed": [],
                    "provider": "provider.github"
                },
                "github_team_membership.team_membership.3": {
                    "type": "github_team_membership",
                    "depends_on": [],
                    "primary": {
                        "id": "2915524:daniele-occhipinti",
                        "attributes": {
                            "etag": "W/\"aa55cff5248a7c85a1c66112f0aa1f60\"",
                            "id": "2915524:daniele-occhipinti",
                            "role": "member",
                            "team_id": "2915524",
                            "username": "daniele-occhipinti"
                        },
                        "meta": {},
                        "tainted": false
                    },
                    "deposed": [],
                    "provider": "provider.github"
                }
            },
            "depends_on": []
        },
        {
            "path": [
                "root",
                "user_dbes_gds"
            ],
            "outputs": {},
            "resources": {
                "data.github_user.user": {
                    "type": "github_user",
                    "depends_on": [],
                    "primary": {
                        "id": "38218115",
                        "attributes": {
                            "avatar_url": "https://avatars3.githubusercontent.com/u/38218115?v=4",
                            "bio": "",
                            "blog": "",
                            "company": "",
                            "email": "",
                            "followers": "0",
                            "following": "0",
                            "gpg_keys.#": "0",
                            "gravatar_id": "",
                            "id": "38218115",
                            "location": "",
                            "login": "dbes-gds",
                            "name": "",
                            "public_gists": "0",
                            "public_repos": "0",
                            "site_admin": "false",
                            "ssh_keys.#": "2",
                            "ssh_keys.0": "ssh-rsa AAAAB3NzaC1yc2EAAAADAQABAAABAQCXvO4H+ZYJ9ssfXes4CXIQTiNJpUHC7xkUsJhhc86+ri9ubocShb+ADvrCNStJ86yqWIFEMEdJw+GK0JVtFOEm6d0CqAvB5Nd/dmQDi0ZmxexEm0ey8YusiEmQeSRk6i42HKVhQJwKwUpZ35QaC9oTdDxH6psphJCQKz4TEa147LslB+sp9N08uNRHI69OPLMpdAg+oyjrada5FiUaiQYI0mXwXduLKM6KFF3FBlu5hKFYOHSkcTYPL3H1/DS/5eQ/HSt3X/NugUUnPx+mLusO66J6bDhssudnJGVGPiXNN6xMDVBU4tnXkBJLeulyGXj5FQASDh3yul2HRunejaGT",
                            "ssh_keys.1": "ssh-rsa AAAAB3NzaC1yc2EAAAADAQABAAABAQC1WrheCGMefhRY0dlye55MI8p361QtWccoKZI7hPXG/Q0aYnM2N0g2Gp24hQJWZ9qYh9W+8GoA7ulNNRSnHhgwTZBneBbGEgx8VgZDGZNWv6x4INWj6uNFPhkd3eccx4vzl0XgFXICt13h1GLvHeF4ICL2flGnKpS6WmGi4DE72T2i4U+fTlUqbi4F4FcT/XXtvEfiK5n8bPZJaSl8hTDAr/ZOhV3qeE0922hhd0LQpbzIaaGXxocbbwG4I2RKTV8Vk9Fo0bWmGxsfhiXrdPhoCh8S0gLipzRtGN43OBc2PTtOrV982yXjn87gwQm8/vPbahwQgN9uYUf8HGZM9r5d",
                            "username": "dbes-gds"
                        },
                        "meta": {},
                        "tainted": false
                    },
                    "deposed": [],
                    "provider": "provider.github"
                },
                "github_membership.org_membership": {
                    "type": "github_membership",
                    "depends_on": [],
                    "primary": {
                        "id": "alphagov:dbes-gds",
                        "attributes": {
                            "etag": "W/\"215711fe1f095c8745f2c195fa44f8d1\"",
                            "id": "alphagov:dbes-gds",
                            "role": "member",
                            "username": "dbes-gds"
                        },
                        "meta": {},
                        "tainted": false
                    },
                    "deposed": [],
                    "provider": "provider.github"
                },
                "github_team_membership.team_membership.0": {
                    "type": "github_team_membership",
                    "depends_on": [],
                    "primary": {
                        "id": "2826122:dbes-gds",
                        "attributes": {
                            "etag": "W/\"20add289d89b226781bb0cf2cb106569\"",
                            "id": "2826122:dbes-gds",
                            "role": "member",
                            "team_id": "2826122",
                            "username": "dbes-gds"
                        },
                        "meta": {},
                        "tainted": false
                    },
                    "deposed": [],
                    "provider": "provider.github"
                },
                "github_team_membership.team_membership.1": {
                    "type": "github_team_membership",
                    "depends_on": [],
                    "primary": {
                        "id": "2826121:dbes-gds",
                        "attributes": {
                            "etag": "W/\"ea8f01195a65fb57ccfa3344b0612c72\"",
                            "id": "2826121:dbes-gds",
                            "role": "member",
                            "team_id": "2826121",
                            "username": "dbes-gds"
                        },
                        "meta": {},
                        "tainted": false
                    },
                    "deposed": [],
                    "provider": "provider.github"
                },
                "github_team_membership.team_membership.2": {
                    "type": "github_team_membership",
                    "depends_on": [],
                    "primary": {
                        "id": "2826120:dbes-gds",
                        "attributes": {
                            "etag": "W/\"0a2b622e4fcea2ab798df2247493801f\"",
                            "id": "2826120:dbes-gds",
                            "role": "member",
                            "team_id": "2826120",
                            "username": "dbes-gds"
                        },
                        "meta": {},
                        "tainted": false
                    },
                    "deposed": [],
                    "provider": "provider.github"
                },
                "github_team_membership.team_membership.3": {
                    "type": "github_team_membership",
                    "depends_on": [],
                    "primary": {
                        "id": "2826126:dbes-gds",
                        "attributes": {
                            "etag": "W/\"23ef6b80ff4f38fc4656cd57834f5020\"",
                            "id": "2826126:dbes-gds",
                            "role": "member",
                            "team_id": "2826126",
                            "username": "dbes-gds"
                        },
                        "meta": {},
                        "tainted": false
                    },
                    "deposed": [],
                    "provider": "provider.github"
                },
                "github_team_membership.team_membership.4": {
                    "type": "github_team_membership",
                    "depends_on": [],
                    "primary": {
                        "id": "2826123:dbes-gds",
                        "attributes": {
                            "etag": "W/\"1768f6a59aca0459e0c66684974ae474\"",
                            "id": "2826123:dbes-gds",
                            "role": "member",
                            "team_id": "2826123",
                            "username": "dbes-gds"
                        },
                        "meta": {},
                        "tainted": false
                    },
                    "deposed": [],
                    "provider": "provider.github"
                },
                "github_team_membership.team_membership.5": {
                    "type": "github_team_membership",
                    "depends_on": [],
                    "primary": {
                        "id": "2826125:dbes-gds",
                        "attributes": {
                            "etag": "W/\"a2b2ed4cb7c844778ece5a225f9cd4b6\"",
                            "id": "2826125:dbes-gds",
                            "role": "member",
                            "team_id": "2826125",
                            "username": "dbes-gds"
                        },
                        "meta": {},
                        "tainted": false
                    },
                    "deposed": [],
                    "provider": "provider.github"
                },
                "github_team_membership.team_membership.6": {
                    "type": "github_team_membership",
                    "depends_on": [],
                    "primary": {
                        "id": "2915524:dbes-gds",
                        "attributes": {
                            "etag": "W/\"b78a09a489d335b3abbd72ea92d754b2\"",
                            "id": "2915524:dbes-gds",
                            "role": "member",
                            "team_id": "2915524",
                            "username": "dbes-gds"
                        },
                        "meta": {},
                        "tainted": false
                    },
                    "deposed": [],
                    "provider": "provider.github"
                }
            },
            "depends_on": []
        },
        {
            "path": [
                "root",
                "user_ejrowley"
            ],
            "outputs": {},
            "resources": {
                "data.github_user.user": {
                    "type": "github_user",
                    "depends_on": [],
                    "primary": {
                        "id": "670851",
                        "attributes": {
                            "avatar_url": "https://avatars1.githubusercontent.com/u/670851?v=4",
                            "bio": "",
                            "blog": "",
                            "company": "",
                            "email": "",
                            "followers": "9",
                            "following": "1",
                            "gpg_keys.#": "0",
                            "gravatar_id": "",
                            "id": "670851",
                            "location": "",
                            "login": "ejrowley",
                            "name": "Ed Rowley",
                            "public_gists": "7",
                            "public_repos": "13",
                            "site_admin": "false",
                            "ssh_keys.#": "3",
                            "ssh_keys.0": "ssh-rsa AAAAB3NzaC1yc2EAAAABJQAAAIBsv2EE4cukSXM+gxAv1NzBZxpipSLHRrJM8iU9/DHJPoKNvu7qyg5040IFZTJHfiEJpkEX6sDRNeQ9FFWkJ5TAX8KbWsGtrdIsnLupXkv0vxXhoU9i7/OTq+/aQ7rdGPzaHXyXTZ4jFEAh0QoRF1w2dCJzM7dijok/JMDRck6usQ==",
                            "ssh_keys.1": "ssh-rsa AAAAB3NzaC1yc2EAAAADAQABAAACAQCcNeuC11Mb+Z7Zqz3FKegejx/tkoGSFoZM4+t2eD5xBd4qEvqReasHxta0c3rSf0bgNAWtK9iMjpBYEQjkDK6L5a5yKpID7NVBsvaqwB8CLlaN+CV+jQp8jb+ZSWG0A63EW+epfDfJ1MaazRZ2NaupAHs+RY34KXBY4fHHjEQOuK+nCTw6ocREbglF4aaVI+5inmpRSExJfgq/9SOcIptAGHO+6ayZA/YXXZRlTKYjQonO58oTlZY14fJOAQZKOYPuuCWUvBoj5aKr3c9NcjOJJlz+/BV/rmj50Vb9DvveoeOinnvRBg9nNqCBdndWLwhzfp7W0O780Lp1B3Lb+YY/iuq5W8s/WPY2lYFeech5UqBeka9LncZUEbPdqwxGDI+/d10f2bsg53n0V565KnNpgIJ7Gl9/B5M0JF+32TGCfuWi1jjkebCPhurMYn7A2bzStxDgI1UIMR1HDXSUSLUBq3HGtcv9YFK575Fov1aucJaxdZCz4IQSQzFeqkKiP0uUrE9Omtwn5+lcw6YGbII4P1E5nU65lhGN7L+0DRjI9f7J6en+lpbum1xQJ8ePZwdatAfyOWJ3PS4F224+TxXkAAQlfxbkUNq7oK+qp31B7r4sOEH1sb66LlLcjrRCUMI6zMz/HQ+wxQhxDn5kJQ2y3t7CYXkt+jxb4epj+fVZ6Q==",
                            "ssh_keys.2": "ssh-rsa AAAAB3NzaC1yc2EAAAADAQABAAACAQC9Fc+wCIfXuAoKSCAhdznlOTNYOofiHwdRtPD5uRv9vU+RbtOioQwFmLcT0K7lZE6jK2DdJ14WpHHqh5dv1oSZ1i053f9Co+y+skGPABRRL1AioNy49YFO3teamtxs0w24gWzXJ9am+ITaFEyq8ZoNdR70xE//u0SIlrm/ULtY38ySDYJd+pXD+SieTqf8bqL8pvN1k2M+gBt2YNMazekBi3X0N0DoGisr4RlguyRcQq0L4B0D0quZTADs2Hp8Yk5Iwi0uyJkOx9jYmg65MEnggW4N/y4cer+v5WTzhG+w98ZQjMww2kzG0B26c0apXPpVG/88FU/uPUVWvBAWsBcIc6L/SZSCgtuses7fiF1i5XighOtN69V40zCAnnDK8ms5ckApGHEubfPTUmXyjtTtjdYjyLiwXkVwmBjvCrqX7VypPyJN1rPpe08avdgfdTvxifs3n72ln7Cm2FfMdhCjqbjjQIaeEkB+JebLvblaLpFRHR0t/xpLqT18YlQcwcYiikaiwathEwMiXObktshiRWQulOk2hdSXepYU02O7U1NOJo6VyQzWSwOojN1YTY3lfD50FMhjCs8sxNsdf805ShieS6l1s1Qr9LdaYBrQN6ywP/9AL6qn3LvBunNcZcgKV3Q6ilxWZS398KDagfKeU33iGpkD6qhYtSSOVKcV4w==",
                            "username": "ejrowley"
                        },
                        "meta": {},
                        "tainted": false
                    },
                    "deposed": [],
                    "provider": "provider.github"
                },
                "github_membership.org_membership": {
                    "type": "github_membership",
                    "depends_on": [],
                    "primary": {
                        "id": "alphagov:ejrowley",
                        "attributes": {
                            "etag": "W/\"3f4156efd0b81557da997bfc05cb9d42\"",
                            "id": "alphagov:ejrowley",
                            "role": "member",
                            "username": "ejrowley"
                        },
                        "meta": {},
                        "tainted": false
                    },
                    "deposed": [],
                    "provider": "provider.github"
                },
                "github_team_membership.team_membership.0": {
                    "type": "github_team_membership",
                    "depends_on": [],
                    "primary": {
                        "id": "2826127:ejrowley",
                        "attributes": {
                            "etag": "W/\"50f27d0465905f1379b99a5edf1931af\"",
                            "id": "2826127:ejrowley",
                            "role": "member",
                            "team_id": "2826127",
                            "username": "ejrowley"
                        },
                        "meta": {},
                        "tainted": false
                    },
                    "deposed": [],
                    "provider": "provider.github"
                },
                "github_team_membership.team_membership.1": {
                    "type": "github_team_membership",
                    "depends_on": [],
                    "primary": {
                        "id": "2826126:ejrowley",
                        "attributes": {
                            "etag": "W/\"1b91cb9b0983f5aba9fdfab38f1a8079\"",
                            "id": "2826126:ejrowley",
                            "role": "member",
                            "team_id": "2826126",
                            "username": "ejrowley"
                        },
                        "meta": {},
                        "tainted": false
                    },
                    "deposed": [],
                    "provider": "provider.github"
                },
                "github_team_membership.team_membership.2": {
                    "type": "github_team_membership",
                    "depends_on": [],
                    "primary": {
                        "id": "2826120:ejrowley",
                        "attributes": {
                            "etag": "W/\"6b7324e980de856cfc303fe66707d344\"",
                            "id": "2826120:ejrowley",
                            "role": "member",
                            "team_id": "2826120",
                            "username": "ejrowley"
                        },
                        "meta": {},
                        "tainted": false
                    },
                    "deposed": [],
                    "provider": "provider.github"
                },
                "github_team_membership.team_membership.3": {
                    "type": "github_team_membership",
                    "depends_on": [],
                    "primary": {
                        "id": "2826125:ejrowley",
                        "attributes": {
                            "etag": "W/\"01a562cdd1ee46e24fb9983890330ed3\"",
                            "id": "2826125:ejrowley",
                            "role": "member",
                            "team_id": "2826125",
                            "username": "ejrowley"
                        },
                        "meta": {},
                        "tainted": false
                    },
                    "deposed": [],
                    "provider": "provider.github"
                },
                "github_team_membership.team_membership.4": {
                    "type": "github_team_membership",
                    "depends_on": [],
                    "primary": {
                        "id": "2915524:ejrowley",
                        "attributes": {
                            "etag": "W/\"7df15c94e89c0b4d637acd13daad0f77\"",
                            "id": "2915524:ejrowley",
                            "role": "member",
                            "team_id": "2915524",
                            "username": "ejrowley"
                        },
                        "meta": {},
                        "tainted": false
                    },
                    "deposed": [],
                    "provider": "provider.github"
                }
            },
            "depends_on": []
        },
        {
            "path": [
                "root",
                "user_galund"
            ],
            "outputs": {},
            "resources": {
                "data.github_user.user": {
                    "type": "github_user",
                    "depends_on": [],
                    "primary": {
                        "id": "190828",
                        "attributes": {
                            "avatar_url": "https://avatars3.githubusercontent.com/u/190828?v=4",
                            "bio": "",
                            "blog": "http://www.georgelund.me.uk/",
                            "company": "",
                            "email": "github@georgelund.me.uk",
                            "followers": "2",
                            "following": "1",
                            "gpg_keys.#": "0",
                            "gravatar_id": "",
                            "id": "190828",
                            "location": "",
                            "login": "galund",
                            "name": "George Lund",
                            "public_gists": "1",
                            "public_repos": "8",
                            "site_admin": "false",
                            "ssh_keys.#": "3",
                            "ssh_keys.0": "ssh-ed25519 AAAAC3NzaC1lZDI1NTE5AAAAIBVkVtAQOSj3uO2LixVkKYNV5UcoONF6a1+S5e16o4yL",
                            "ssh_keys.1": "ssh-rsa AAAAB3NzaC1yc2EAAAADAQABAAABAQCcf7L2SVaSsKqBprKFrdrG4TZDrHru1LYn6mx7xLbjbl1AL/lltrP8JTySVNOlem2C6Xqq184op57i3eYAjD4FAx4TmuzN7rOXMJovURmba9StE1WnwrAeT3fCoEz55azi+HL2VenseotAu+K3VlIi2rF/wCS4kY4QYBdMK4NbgdvuGEg/w8QiH6ViZbRV7fR97o/6Axx4jz09HorC9CE2seZs+i0bLNfUQe5m5rKpN2dSsnA62PERhDRKNzr4282JnhptlQsdvw0116AXkZFd7adf1ZMs9lIOVIUSyHC+RetHLu1CZ4MHrdS23qWOQlIXO+8gL3WLVz2ujPftcJVp",
                            "ssh_keys.2": "ssh-ed25519 AAAAC3NzaC1lZDI1NTE5AAAAIHIzjIMOIkAOUIJ1wnFnVCogzCHTUivQEUE/4m3tfnqE",
                            "username": "galund"
                        },
                        "meta": {},
                        "tainted": false
                    },
                    "deposed": [],
                    "provider": "provider.github"
                },
                "github_membership.org_membership": {
                    "type": "github_membership",
                    "depends_on": [],
                    "primary": {
                        "id": "alphagov:galund",
                        "attributes": {
                            "etag": "W/\"a52d78c22baf305749036bb92c48070e\"",
                            "id": "alphagov:galund",
                            "role": "member",
                            "username": "galund"
                        },
                        "meta": {},
                        "tainted": false
                    },
                    "deposed": [],
                    "provider": "provider.github"
                },
                "github_team_membership.team_membership.0": {
                    "type": "github_team_membership",
                    "depends_on": [],
                    "primary": {
                        "id": "2826122:galund",
                        "attributes": {
                            "etag": "W/\"8894177bc949da4ec6afce04d15967b5\"",
                            "id": "2826122:galund",
                            "role": "member",
                            "team_id": "2826122",
                            "username": "galund"
                        },
                        "meta": {},
                        "tainted": false
                    },
                    "deposed": [],
                    "provider": "provider.github"
                },
                "github_team_membership.team_membership.1": {
                    "type": "github_team_membership",
                    "depends_on": [],
                    "primary": {
                        "id": "2826127:galund",
                        "attributes": {
                            "etag": "W/\"e4e446f9368b6ef7d004ffb8e7f48fb7\"",
                            "id": "2826127:galund",
                            "role": "member",
                            "team_id": "2826127",
                            "username": "galund"
                        },
                        "meta": {},
                        "tainted": false
                    },
                    "deposed": [],
                    "provider": "provider.github"
                },
                "github_team_membership.team_membership.2": {
                    "type": "github_team_membership",
                    "depends_on": [],
                    "primary": {
                        "id": "2826126:galund",
                        "attributes": {
                            "etag": "W/\"3ef8666fa10ba63496e1b3f0b4254bd2\"",
                            "id": "2826126:galund",
                            "role": "member",
                            "team_id": "2826126",
                            "username": "galund"
                        },
                        "meta": {},
                        "tainted": false
                    },
                    "deposed": [],
                    "provider": "provider.github"
                },
                "github_team_membership.team_membership.3": {
                    "type": "github_team_membership",
                    "depends_on": [],
                    "primary": {
                        "id": "2826123:galund",
                        "attributes": {
                            "etag": "W/\"dd7d50ffa51576308777c5715a8b7a67\"",
                            "id": "2826123:galund",
                            "role": "member",
                            "team_id": "2826123",
                            "username": "galund"
                        },
                        "meta": {},
                        "tainted": false
                    },
                    "deposed": [],
                    "provider": "provider.github"
                },
                "github_team_membership.team_membership.4": {
                    "type": "github_team_membership",
                    "depends_on": [],
                    "primary": {
                        "id": "2826125:galund",
                        "attributes": {
                            "etag": "W/\"014bee8195ec3bbe5e4c94672fe124c4\"",
                            "id": "2826125:galund",
                            "role": "member",
                            "team_id": "2826125",
                            "username": "galund"
                        },
                        "meta": {},
                        "tainted": false
                    },
                    "deposed": [],
                    "provider": "provider.github"
                },
                "github_team_membership.team_membership.5": {
                    "type": "github_team_membership",
                    "depends_on": [],
                    "primary": {
                        "id": "2915520:galund",
                        "attributes": {
                            "etag": "W/\"eba0f118250ae8066991eb1a4fac15ce\"",
                            "id": "2915520:galund",
                            "role": "member",
                            "team_id": "2915520",
                            "username": "galund"
                        },
                        "meta": {},
                        "tainted": false
                    },
                    "deposed": [],
                    "provider": "provider.github"
                },
                "github_team_membership.team_membership.6": {
                    "type": "github_team_membership",
                    "depends_on": [],
                    "primary": {
                        "id": "2915524:galund",
                        "attributes": {
                            "etag": "W/\"e0ae73d53f66bfc26583ba7b31d63182\"",
                            "id": "2915524:galund",
                            "role": "member",
                            "team_id": "2915524",
                            "username": "galund"
                        },
                        "meta": {},
                        "tainted": false
                    },
                    "deposed": [],
                    "provider": "provider.github"
                }
            },
            "depends_on": []
        },
        {
            "path": [
                "root",
                "user_guruchand"
            ],
            "outputs": {},
            "resources": {
                "data.github_user.user": {
                    "type": "github_user",
                    "depends_on": [],
                    "primary": {
                        "id": "32485940",
                        "attributes": {
                            "avatar_url": "https://avatars2.githubusercontent.com/u/32485940?v=4",
                            "bio": "",
                            "blog": "",
                            "company": "",
                            "email": "",
                            "followers": "0",
                            "following": "0",
                            "gpg_keys.#": "0",
                            "gravatar_id": "",
                            "id": "32485940",
                            "location": "",
                            "login": "guruchand",
                            "name": "",
                            "public_gists": "0",
                            "public_repos": "0",
                            "site_admin": "false",
                            "ssh_keys.#": "0",
                            "username": "guruchand"
                        },
                        "meta": {},
                        "tainted": false
                    },
                    "deposed": [],
                    "provider": "provider.github"
                },
                "github_membership.org_membership": {
                    "type": "github_membership",
                    "depends_on": [],
                    "primary": {
                        "id": "alphagov:guruchand",
                        "attributes": {
                            "etag": "W/\"9e9e7ef6c065967c8f878d4452abc488\"",
                            "id": "alphagov:guruchand",
                            "role": "member",
                            "username": "guruchand"
                        },
                        "meta": {},
                        "tainted": false
                    },
                    "deposed": [],
                    "provider": "provider.github"
                },
                "github_team_membership.team_membership.0": {
                    "type": "github_team_membership",
                    "depends_on": [],
                    "primary": {
                        "id": "2826122:guruchand",
                        "attributes": {
                            "etag": "W/\"2892f3f731a8498412557a2a4c63c014\"",
                            "id": "2826122:guruchand",
                            "role": "member",
                            "team_id": "2826122",
                            "username": "guruchand"
                        },
                        "meta": {},
                        "tainted": false
                    },
                    "deposed": [],
                    "provider": "provider.github"
                },
                "github_team_membership.team_membership.1": {
                    "type": "github_team_membership",
                    "depends_on": [],
                    "primary": {
                        "id": "2826121:guruchand",
                        "attributes": {
                            "etag": "W/\"4ff053bef8d28646c03b829ff8b85e25\"",
                            "id": "2826121:guruchand",
                            "role": "member",
                            "team_id": "2826121",
                            "username": "guruchand"
                        },
                        "meta": {},
                        "tainted": false
                    },
                    "deposed": [],
                    "provider": "provider.github"
                },
                "github_team_membership.team_membership.2": {
                    "type": "github_team_membership",
                    "depends_on": [],
                    "primary": {
                        "id": "2826120:guruchand",
                        "attributes": {
                            "etag": "W/\"18c709aface6f4135dbb76f061147a44\"",
                            "id": "2826120:guruchand",
                            "role": "member",
                            "team_id": "2826120",
                            "username": "guruchand"
                        },
                        "meta": {},
                        "tainted": false
                    },
                    "deposed": [],
                    "provider": "provider.github"
                },
                "github_team_membership.team_membership.3": {
                    "type": "github_team_membership",
                    "depends_on": [],
                    "primary": {
                        "id": "2826126:guruchand",
                        "attributes": {
                            "etag": "W/\"992f6e5b7528df1b75a35545400b43f6\"",
                            "id": "2826126:guruchand",
                            "role": "member",
                            "team_id": "2826126",
                            "username": "guruchand"
                        },
                        "meta": {},
                        "tainted": false
                    },
                    "deposed": [],
                    "provider": "provider.github"
                },
                "github_team_membership.team_membership.4": {
                    "type": "github_team_membership",
                    "depends_on": [],
                    "primary": {
                        "id": "2826123:guruchand",
                        "attributes": {
                            "etag": "W/\"2eea3763ff468b07b83a479f9020ec3d\"",
                            "id": "2826123:guruchand",
                            "role": "member",
                            "team_id": "2826123",
                            "username": "guruchand"
                        },
                        "meta": {},
                        "tainted": false
                    },
                    "deposed": [],
                    "provider": "provider.github"
                },
                "github_team_membership.team_membership.5": {
                    "type": "github_team_membership",
                    "depends_on": [],
                    "primary": {
                        "id": "2826125:guruchand",
                        "attributes": {
                            "etag": "W/\"1cc87eb76ef4a97cde19c9aa11e29c23\"",
                            "id": "2826125:guruchand",
                            "role": "member",
                            "team_id": "2826125",
                            "username": "guruchand"
                        },
                        "meta": {},
                        "tainted": false
                    },
                    "deposed": [],
                    "provider": "provider.github"
                },
                "github_team_membership.team_membership.6": {
                    "type": "github_team_membership",
                    "depends_on": [],
                    "primary": {
                        "id": "2915524:guruchand",
                        "attributes": {
                            "etag": "W/\"3b306c7b5b210ebc2fe9431f5dfcbd57\"",
                            "id": "2915524:guruchand",
                            "role": "member",
                            "team_id": "2915524",
                            "username": "guruchand"
                        },
                        "meta": {},
                        "tainted": false
                    },
                    "deposed": [],
                    "provider": "provider.github"
                }
            },
            "depends_on": []
        },
        {
            "path": [
                "root",
                "user_ida_build_bot"
            ],
            "outputs": {},
            "resources": {
                "data.github_user.user": {
                    "type": "github_user",
                    "depends_on": [],
                    "primary": {
                        "id": "8503068",
                        "attributes": {
                            "avatar_url": "https://avatars1.githubusercontent.com/u/8503068?v=4",
                            "bio": "",
                            "blog": "",
                            "company": "",
                            "email": "",
                            "followers": "0",
                            "following": "0",
                            "gpg_keys.#": "0",
                            "gravatar_id": "",
                            "id": "8503068",
                            "location": "",
                            "login": "ida-build-bot",
                            "name": "",
                            "public_gists": "0",
                            "public_repos": "0",
                            "site_admin": "false",
                            "ssh_keys.#": "3",
                            "ssh_keys.0": "ssh-rsa AAAAB3NzaC1yc2EAAAADAQABAAABAQDBK7kdgYtU6NxeWY4rwD8fSESqZHKTahXfwgOheBjMH0UF8k9euPONDwY/q2WPjdXg2q96fW0sd3h1OKZuzVXwa/gBFolJM1P3rC8DG6TxWBTJea6lnsRcEuuvbv1dzS1yjU2NI7WX3wP+Ak6VbbqH+a+kyjscFr26NOdiQnz1CDPplEsiq/ckKJyfgNqS9325+cWbfbPsZGJu9DASIxdMXzdBaiOcFfM9JKf0xNqNt2sQIdZOCxyvvAAZMTqjQ2CheaSAXhXjyQZT32Lwqwq2a9JClEtM5cytHyjEAXjjq0QXVHWXMaQp+rhse+9i+rXyA3o/v3Zmz/zYbN6iTqE1",
                            "ssh_keys.1": "ssh-rsa AAAAB3NzaC1yc2EAAAADAQABAAABAQDlImOctBmPBmYGIbUaSjvEmynWfUYJm0JqFM5YK0THj6AOCJ/I1wAOfi1/vb6nKNbF0o0uvUCSXQew9PSB8OLjjPdpEpVagAGXMCvXXdacVgGJJq9wMSvUbaJOSz9ucpaRUNW43XwSwby8CJTW3A+gqIDSWl+V9MqCFL/qWJmT/l/Xy7VLlpJf2Od8OQXYiKw+Dld82jqt0eW3oWaCPfK0nVenS2WVS291l/loBc5xHY1r8ygpLz8V6ZRPLfMHc9oQ8gWLEdmkP+sOiQXotEOk/2dVixqdmQq3guK6Ab4rFECkRwSPY+XnXU5X0EVNXO0yzsxHvVMXfbE8bv9fvqk5",
                            "ssh_keys.2": "ssh-rsa AAAAB3NzaC1yc2EAAAADAQABAAABAQDCBY6t76qZt42AO7xDnpU4wImccL0FdHEOI7yF0ObvpiOS0VGrehCNE91fI0rZ+NkglsWukEBZxbfH4HR466gjc50LhJD0vzfwCZjPIVN4IOKurwKFW8q1A6ju1OfBtTiagQMlM+g+iGFWTuslfgVGoTimFH0MN8kR+QHd1Lmum6mlTIQA/nd467J3reDxwUnQXAkbCkerrjTQZ5/T6rKOYS5L88xFkOdwThxCImyA3ygynQ4mVY8+RTqMNWNOKZK5hz0vPK/TUleEllv9+2rsbtqWPvbOswsdaRmfTzNobvo11FbWgF1jkv5H5xbBLMKA57RsdKu/yKFec0qk4coH",
                            "username": "ida-build-bot"
                        },
                        "meta": {},
                        "tainted": false
                    },
                    "deposed": [],
                    "provider": "provider.github"
                },
                "github_membership.org_membership": {
                    "type": "github_membership",
                    "depends_on": [],
                    "primary": {
                        "id": "alphagov:ida-build-bot",
                        "attributes": {
                            "etag": "W/\"1e45a4be2c3ce315b857ce7912bdaa53\"",
                            "id": "alphagov:ida-build-bot",
                            "role": "member",
                            "username": "ida-build-bot"
                        },
                        "meta": {},
                        "tainted": false
                    },
                    "deposed": [],
                    "provider": "provider.github"
                },
                "github_team_membership.team_membership.0": {
                    "type": "github_team_membership",
                    "depends_on": [],
                    "primary": {
                        "id": "2826122:ida-build-bot",
                        "attributes": {
                            "etag": "W/\"0347966b0f669f17998fc8ce82a3752f\"",
                            "id": "2826122:ida-build-bot",
                            "role": "member",
                            "team_id": "2826122",
                            "username": "ida-build-bot"
                        },
                        "meta": {},
                        "tainted": false
                    },
                    "deposed": [],
                    "provider": "provider.github"
                },
                "github_team_membership.team_membership.1": {
                    "type": "github_team_membership",
                    "depends_on": [],
                    "primary": {
                        "id": "2826127:ida-build-bot",
                        "attributes": {
                            "etag": "W/\"9f1d60d7b2164bda1beae9be37f08b00\"",
                            "id": "2826127:ida-build-bot",
                            "role": "member",
                            "team_id": "2826127",
                            "username": "ida-build-bot"
                        },
                        "meta": {},
                        "tainted": false
                    },
                    "deposed": [],
                    "provider": "provider.github"
                },
                "github_team_membership.team_membership.2": {
                    "type": "github_team_membership",
                    "depends_on": [],
                    "primary": {
                        "id": "2826126:ida-build-bot",
                        "attributes": {
                            "etag": "W/\"07befc08f5cb2593b5e06c75cadb5427\"",
                            "id": "2826126:ida-build-bot",
                            "role": "member",
                            "team_id": "2826126",
                            "username": "ida-build-bot"
                        },
                        "meta": {},
                        "tainted": false
                    },
                    "deposed": [],
                    "provider": "provider.github"
                },
                "github_team_membership.team_membership.3": {
                    "type": "github_team_membership",
                    "depends_on": [],
                    "primary": {
                        "id": "2826121:ida-build-bot",
                        "attributes": {
                            "etag": "W/\"12a2aaa3c5c227066917eca929ad819e\"",
                            "id": "2826121:ida-build-bot",
                            "role": "member",
                            "team_id": "2826121",
                            "username": "ida-build-bot"
                        },
                        "meta": {},
                        "tainted": false
                    },
                    "deposed": [],
                    "provider": "provider.github"
                },
                "github_team_membership.team_membership.4": {
                    "type": "github_team_membership",
                    "depends_on": [],
                    "primary": {
                        "id": "2826120:ida-build-bot",
                        "attributes": {
                            "etag": "W/\"a421e7008b68635f83f0b21b02286f7c\"",
                            "id": "2826120:ida-build-bot",
                            "role": "member",
                            "team_id": "2826120",
                            "username": "ida-build-bot"
                        },
                        "meta": {},
                        "tainted": false
                    },
                    "deposed": [],
                    "provider": "provider.github"
                },
                "github_team_membership.team_membership.5": {
                    "type": "github_team_membership",
                    "depends_on": [],
                    "primary": {
                        "id": "2826123:ida-build-bot",
                        "attributes": {
                            "etag": "W/\"cba74a9072acb885ad988216bf3e2576\"",
                            "id": "2826123:ida-build-bot",
                            "role": "member",
                            "team_id": "2826123",
                            "username": "ida-build-bot"
                        },
                        "meta": {},
                        "tainted": false
                    },
                    "deposed": [],
                    "provider": "provider.github"
                },
                "github_team_membership.team_membership.6": {
                    "type": "github_team_membership",
                    "depends_on": [],
                    "primary": {
                        "id": "2826125:ida-build-bot",
                        "attributes": {
                            "etag": "W/\"774caf276cb6db504a6edc65cf53fa3d\"",
                            "id": "2826125:ida-build-bot",
                            "role": "member",
                            "team_id": "2826125",
                            "username": "ida-build-bot"
                        },
                        "meta": {},
                        "tainted": false
                    },
                    "deposed": [],
                    "provider": "provider.github"
                },
                "github_team_membership.team_membership.7": {
                    "type": "github_team_membership",
                    "depends_on": [],
                    "primary": {
                        "id": "2915520:ida-build-bot",
                        "attributes": {
                            "etag": "W/\"78650f6562fcd66a1c3a6b01c13f5085\"",
                            "id": "2915520:ida-build-bot",
                            "role": "member",
                            "team_id": "2915520",
                            "username": "ida-build-bot"
                        },
                        "meta": {},
                        "tainted": false
                    },
                    "deposed": [],
                    "provider": "provider.github"
                },
                "github_team_membership.team_membership.8": {
                    "type": "github_team_membership",
                    "depends_on": [],
                    "primary": {
                        "id": "2826124:ida-build-bot",
                        "attributes": {
                            "etag": "W/\"6333059edbd108f09c3657ae14c43e00\"",
                            "id": "2826124:ida-build-bot",
                            "role": "member",
                            "team_id": "2826124",
                            "username": "ida-build-bot"
                        },
                        "meta": {},
                        "tainted": false
                    },
                    "deposed": [],
                    "provider": "provider.github"
                },
                "github_team_membership.team_membership.9": {
                    "type": "github_team_membership",
                    "depends_on": [],
                    "primary": {
                        "id": "2915524:ida-build-bot",
                        "attributes": {
                            "etag": "W/\"14eb666709b0697b38f09e40f5504559\"",
                            "id": "2915524:ida-build-bot",
                            "role": "member",
                            "team_id": "2915524",
                            "username": "ida-build-bot"
                        },
                        "meta": {},
                        "tainted": false
                    },
                    "deposed": [],
                    "provider": "provider.github"
                }
            },
            "depends_on": []
        },
        {
            "path": [
                "root",
                "user_irenelau_gds"
            ],
            "outputs": {},
            "resources": {
                "data.github_user.user": {
                    "type": "github_user",
                    "depends_on": [],
                    "primary": {
                        "id": "30260246",
                        "attributes": {
                            "avatar_url": "https://avatars0.githubusercontent.com/u/30260246?v=4",
                            "bio": "",
                            "blog": "",
                            "company": "",
                            "email": "",
                            "followers": "0",
                            "following": "0",
                            "gpg_keys.#": "0",
                            "gravatar_id": "",
                            "id": "30260246",
                            "location": "",
                            "login": "IreneLau-GDS",
                            "name": "",
                            "public_gists": "0",
                            "public_repos": "0",
                            "site_admin": "false",
                            "ssh_keys.#": "1",
                            "ssh_keys.0": "ssh-rsa AAAAB3NzaC1yc2EAAAADAQABAAACAQCcqJ0vd/0/VRRQ/1kZ1hnuxJO9aZv9jVXPQ/6eQPDmunFqcJ5mbyfuwxcpQNucUwwqJoo6hpcWrrcbd6b4tblWDfg3sn2o+Z47pO46WPNdcveBQST1a57QsJBHIo4U5h4YBe6rIlpx0uSmUOd1xfCldLTBhGE+H/WbwXpb6lHTx0A8Fw+SAKpg9piZynW7Kx1ioaFh9Lr3RFc6aLyFiZErFAYHFLWVnTBeSBKB+s0QXalzjbcFGMokrkXdAtyR5wak9yf0OgXudlumJll6MpkvqcYvOpL67MeNoAqAtlry/EsVnAMCY2Lrjolt0dM8GC/d4NsqOAktjmfb4u4htS7vuZonDDf9EsEYwMkA0i3HnvwYnk+/gg99I/7JDj+Rj//XgF7D8WGHKlQOeUVfQ9YIGYQHaFLXnI/invHGIiDlHKIXJ6lmDkuLv63LeE11x+JGNw8PpVAjxq0LlJLqW4/tGp+j/VwA6kom5O+ii/ka2HEQgrFr5520Mzj81lIjrqGBrZraYNrXNkcBtL32mkDd4O34ifkEa8hpYqT3jLJNBJWe/fEYQ0swfWjc0gQSm+fts9HsCzQcm0JAKSSOjnJjNFtQwJtHS55VhfC3pj2SAUsrATxR32coX2g/B47/I7SFADwGZJsSBktjPv9jvbrEwZrk6JRmUzUSVWtiaqTrBQ==",
                            "username": "IreneLau-GDS"
                        },
                        "meta": {},
                        "tainted": false
                    },
                    "deposed": [],
                    "provider": "provider.github"
                },
                "github_membership.org_membership": {
                    "type": "github_membership",
                    "depends_on": [],
                    "primary": {
                        "id": "alphagov:IreneLau-GDS",
                        "attributes": {
                            "etag": "W/\"ab0a61dfa09dd08c96f9956944dcd540\"",
                            "id": "alphagov:IreneLau-GDS",
                            "role": "admin",
                            "username": "IreneLau-GDS"
                        },
                        "meta": {},
                        "tainted": false
                    },
                    "deposed": [],
                    "provider": "provider.github"
                },
                "github_team_membership.team_membership.0": {
                    "type": "github_team_membership",
                    "depends_on": [],
                    "primary": {
                        "id": "2826122:IreneLau-GDS",
                        "attributes": {
                            "etag": "W/\"83e265c860c0362544757131045c232c\"",
                            "id": "2826122:IreneLau-GDS",
                            "role": "maintainer",
                            "team_id": "2826122",
                            "username": "IreneLau-GDS"
                        },
                        "meta": {},
                        "tainted": false
                    },
                    "deposed": [],
                    "provider": "provider.github"
                },
                "github_team_membership.team_membership.1": {
                    "type": "github_team_membership",
                    "depends_on": [],
                    "primary": {
                        "id": "2826127:IreneLau-GDS",
                        "attributes": {
                            "etag": "W/\"6f700475d8e31cf4e8e5f63eb6042e65\"",
                            "id": "2826127:IreneLau-GDS",
                            "role": "maintainer",
                            "team_id": "2826127",
                            "username": "IreneLau-GDS"
                        },
                        "meta": {},
                        "tainted": false
                    },
                    "deposed": [],
                    "provider": "provider.github"
                },
                "github_team_membership.team_membership.2": {
                    "type": "github_team_membership",
                    "depends_on": [],
                    "primary": {
                        "id": "2826126:IreneLau-GDS",
                        "attributes": {
                            "etag": "W/\"79f7e678bf88a389584e271e480e76d9\"",
                            "id": "2826126:IreneLau-GDS",
                            "role": "maintainer",
                            "team_id": "2826126",
                            "username": "IreneLau-GDS"
                        },
                        "meta": {},
                        "tainted": false
                    },
                    "deposed": [],
                    "provider": "provider.github"
                },
                "github_team_membership.team_membership.3": {
                    "type": "github_team_membership",
                    "depends_on": [],
                    "primary": {
                        "id": "2826121:IreneLau-GDS",
                        "attributes": {
                            "etag": "W/\"355cd01e989705e99fffc0ca202008db\"",
                            "id": "2826121:IreneLau-GDS",
                            "role": "maintainer",
                            "team_id": "2826121",
                            "username": "IreneLau-GDS"
                        },
                        "meta": {},
                        "tainted": false
                    },
                    "deposed": [],
                    "provider": "provider.github"
                },
                "github_team_membership.team_membership.4": {
                    "type": "github_team_membership",
                    "depends_on": [],
                    "primary": {
                        "id": "2826120:IreneLau-GDS",
                        "attributes": {
                            "etag": "W/\"e56d98cb0da40542a219d03020e59057\"",
                            "id": "2826120:IreneLau-GDS",
                            "role": "maintainer",
                            "team_id": "2826120",
                            "username": "IreneLau-GDS"
                        },
                        "meta": {},
                        "tainted": false
                    },
                    "deposed": [],
                    "provider": "provider.github"
                },
                "github_team_membership.team_membership.5": {
                    "type": "github_team_membership",
                    "depends_on": [],
                    "primary": {
                        "id": "2826123:IreneLau-GDS",
                        "attributes": {
                            "etag": "W/\"1ee3e91eb7a0509c6d5fe221fea625d4\"",
                            "id": "2826123:IreneLau-GDS",
                            "role": "maintainer",
                            "team_id": "2826123",
                            "username": "IreneLau-GDS"
                        },
                        "meta": {},
                        "tainted": false
                    },
                    "deposed": [],
                    "provider": "provider.github"
                },
                "github_team_membership.team_membership.6": {
                    "type": "github_team_membership",
                    "depends_on": [],
                    "primary": {
                        "id": "2826125:IreneLau-GDS",
                        "attributes": {
                            "etag": "W/\"3c64fa12c4da084392419c6fa10334cf\"",
                            "id": "2826125:IreneLau-GDS",
                            "role": "maintainer",
                            "team_id": "2826125",
                            "username": "IreneLau-GDS"
                        },
                        "meta": {},
                        "tainted": false
                    },
                    "deposed": [],
                    "provider": "provider.github"
                },
                "github_team_membership.team_membership.7": {
                    "type": "github_team_membership",
                    "depends_on": [],
                    "primary": {
                        "id": "2915520:IreneLau-GDS",
                        "attributes": {
                            "etag": "W/\"e1d3482c2eb594103e2f2ddc7fb3695c\"",
                            "id": "2915520:IreneLau-GDS",
                            "role": "maintainer",
                            "team_id": "2915520",
                            "username": "IreneLau-GDS"
                        },
                        "meta": {},
                        "tainted": false
                    },
                    "deposed": [],
                    "provider": "provider.github"
                },
                "github_team_membership.team_membership.8": {
                    "type": "github_team_membership",
                    "depends_on": [],
                    "primary": {
                        "id": "2826124:IreneLau-GDS",
                        "attributes": {
                            "etag": "W/\"4c9707a71a2ad480d9656139255c3557\"",
                            "id": "2826124:IreneLau-GDS",
                            "role": "maintainer",
                            "team_id": "2826124",
                            "username": "IreneLau-GDS"
                        },
                        "meta": {},
                        "tainted": false
                    },
                    "deposed": [],
                    "provider": "provider.github"
                },
                "github_team_membership.team_membership.9": {
                    "type": "github_team_membership",
                    "depends_on": [],
                    "primary": {
                        "id": "2915524:IreneLau-GDS",
                        "attributes": {
                            "etag": "W/\"405c231dcdbcd7284f58e58ceba44f14\"",
                            "id": "2915524:IreneLau-GDS",
                            "role": "maintainer",
                            "team_id": "2915524",
                            "username": "IreneLau-GDS"
                        },
                        "meta": {},
                        "tainted": false
                    },
                    "deposed": [],
                    "provider": "provider.github"
                }
            },
            "depends_on": []
        },
        {
            "path": [
                "root",
                "user_jakubmiarka"
            ],
            "outputs": {},
            "resources": {
                "data.github_user.user": {
                    "type": "github_user",
                    "depends_on": [],
                    "primary": {
                        "id": "30629434",
                        "attributes": {
                            "avatar_url": "https://avatars3.githubusercontent.com/u/30629434?v=4",
                            "bio": "",
                            "blog": "",
                            "company": "",
                            "email": "",
                            "followers": "0",
                            "following": "0",
                            "gpg_keys.#": "0",
                            "gravatar_id": "",
                            "id": "30629434",
                            "location": "",
                            "login": "jakubmiarka",
                            "name": "Jakub Miarka",
                            "public_gists": "0",
                            "public_repos": "1",
                            "site_admin": "false",
                            "ssh_keys.#": "1",
                            "ssh_keys.0": "ssh-rsa AAAAB3NzaC1yc2EAAAADAQABAAACAQC0P/aCxylpAfCsSAozPT4mixHCl8/zvKg0TrZKc92p0EEVBe6ZzO6R/xcyArm7/gQPYMjRTDyLswCH5WFn0Zx4YjCypMZndRLk0fe6018VNYg4jsbWAGSpK2If8m+WbhOaYcBNoGyIMds+kWWJi2JE1iyL1UyyM/oRilp1vP4zlNfKKTojM8GISUaGwvPp+0HkCNDmbjyaNAoMc5hyywKeFdFms2Z5E0yTGlebjVRl38jZJwuUsSYp3a29N8rtZi2QPXKmftL4HByVpRk/T8zka0rb37QaeMuTrXWJcF1lgqYI9gvaAd2tNLbXwXeA8N9tbhS5WVPIZwn88v9353HrHfEH4lzOPZr33I0cK7BKqeHN/m3TRTQM+ZC9fZiJWSAake96d1MPi8yYs3A7b9wTeVal7NAxysqvpZz7zQGP5vSfoLMCaw8zzIpLGyl/KdCEF84q+E6R/LzPFkq6Dg/UScdcJZtT67aoT1agAzjrVUp5+N7dt9fBQrh0jRSDtJF5b85BNoLbErKCOMSzoQWuRoKkNVZhw+o8xL4KW/xAtBy2D/F54YRohG+/4W+72lA85cFpCyJJ1d3xiOLeUFIUiMWNjKXNCl6oTBxBg+sAYphXHJVQukJiapSXAMAEhTgPT9Lj7Jm+KfJOlN0klxE17FwIMzvstVxXq9ZS27Dhgw==",
                            "username": "jakubmiarka"
                        },
                        "meta": {},
                        "tainted": false
                    },
                    "deposed": [],
                    "provider": "provider.github"
                },
                "github_membership.org_membership": {
                    "type": "github_membership",
                    "depends_on": [],
                    "primary": {
                        "id": "alphagov:jakubmiarka",
                        "attributes": {
                            "etag": "W/\"d65fac16b63b4e4374235208d18f2661\"",
                            "id": "alphagov:jakubmiarka",
                            "role": "member",
                            "username": "jakubmiarka"
                        },
                        "meta": {},
                        "tainted": false
                    },
                    "deposed": [],
                    "provider": "provider.github"
                },
                "github_team_membership.team_membership.0": {
                    "type": "github_team_membership",
                    "depends_on": [],
                    "primary": {
                        "id": "2826122:jakubmiarka",
                        "attributes": {
                            "etag": "W/\"def44d3a8101f37ae7829fd2685214b0\"",
                            "id": "2826122:jakubmiarka",
                            "role": "member",
                            "team_id": "2826122",
                            "username": "jakubmiarka"
                        },
                        "meta": {},
                        "tainted": false
                    },
                    "deposed": [],
                    "provider": "provider.github"
                },
                "github_team_membership.team_membership.1": {
                    "type": "github_team_membership",
                    "depends_on": [],
                    "primary": {
                        "id": "2826123:jakubmiarka",
                        "attributes": {
                            "etag": "W/\"84443f69913aa4fff411a3720b4a5660\"",
                            "id": "2826123:jakubmiarka",
                            "role": "member",
                            "team_id": "2826123",
                            "username": "jakubmiarka"
                        },
                        "meta": {},
                        "tainted": false
                    },
                    "deposed": [],
                    "provider": "provider.github"
                },
                "github_team_membership.team_membership.2": {
                    "type": "github_team_membership",
                    "depends_on": [],
                    "primary": {
                        "id": "2826125:jakubmiarka",
                        "attributes": {
                            "etag": "W/\"e7563aa2b0b1cd33cc4fd56b7defb54b\"",
                            "id": "2826125:jakubmiarka",
                            "role": "member",
                            "team_id": "2826125",
                            "username": "jakubmiarka"
                        },
                        "meta": {},
                        "tainted": false
                    },
                    "deposed": [],
                    "provider": "provider.github"
                },
                "github_team_membership.team_membership.3": {
                    "type": "github_team_membership",
                    "depends_on": [],
                    "primary": {
                        "id": "2915524:jakubmiarka",
                        "attributes": {
                            "etag": "W/\"8d15a2075daed60db3490b3e3ce0d681\"",
                            "id": "2915524:jakubmiarka",
                            "role": "member",
                            "team_id": "2915524",
                            "username": "jakubmiarka"
                        },
                        "meta": {},
                        "tainted": false
                    },
                    "deposed": [],
                    "provider": "provider.github"
                }
            },
            "depends_on": []
        },
        {
            "path": [
                "root",
                "user_javindo"
            ],
            "outputs": {},
            "resources": {
                "data.github_user.user": {
                    "type": "github_user",
                    "depends_on": [],
                    "primary": {
                        "id": "4411575",
                        "attributes": {
                            "avatar_url": "https://avatars1.githubusercontent.com/u/4411575?v=4",
                            "bio": "Tech Lead of the GOV.UK Verify Optimising The Service team",
                            "blog": "",
                            "company": "Government Digital Service",
                            "email": "steve.butler@digital.cabinet-office.gov.uk",
                            "followers": "3",
                            "following": "0",
                            "gpg_keys.#": "0",
                            "gravatar_id": "",
                            "id": "4411575",
                            "location": "",
                            "login": "javindo",
                            "name": "Steve Butler",
                            "public_gists": "0",
                            "public_repos": "4",
                            "site_admin": "false",
                            "ssh_keys.#": "1",
                            "ssh_keys.0": "ssh-rsa AAAAB3NzaC1yc2EAAAADAQABAAABAQDAnG0GX39rdxNMRlcU+6lJiNJmfPZ28DLy+SdtXarjZsUS6vsdjAvOSyzEJX5xNm+Xq1bPQ/A2965UxoA9/dE0CAwGYHtYBP3J238/LBSqrl1CCwhjR7yLPwBH2G5dTEGLUub/j9i2AS8LEATs13tF1zCL3CkIHPt6HWm1jtGFlH/qYhq/+C8CKolUS29lrhlRvNhP2Hkn7LwjxDoeegVaPSC4RkYeq0iDYKzCmtfNKHisaqIEosh1X9cYE27ZZkMxWQ+SRQpyejcVkHFbKtfcnRIOkXqlq9SMLV8ZbOHjoGw4yWCWDu7FfN0V5SKvk0M5hqm6B5TNdsf1KbPANMCP",
                            "username": "javindo"
                        },
                        "meta": {},
                        "tainted": false
                    },
                    "deposed": [],
                    "provider": "provider.github"
                },
                "github_membership.org_membership": {
                    "type": "github_membership",
                    "depends_on": [],
                    "primary": {
                        "id": "alphagov:javindo",
                        "attributes": {
                            "etag": "W/\"b9bf638c245c5e03d4a4fd7e89896869\"",
                            "id": "alphagov:javindo",
                            "role": "member",
                            "username": "javindo"
                        },
                        "meta": {},
                        "tainted": false
                    },
                    "deposed": [],
                    "provider": "provider.github"
                },
                "github_team_membership.team_membership.0": {
                    "type": "github_team_membership",
                    "depends_on": [],
                    "primary": {
                        "id": "2826122:javindo",
                        "attributes": {
                            "etag": "W/\"0fd18598e368dc32245ac63966545717\"",
                            "id": "2826122:javindo",
                            "role": "member",
                            "team_id": "2826122",
                            "username": "javindo"
                        },
                        "meta": {},
                        "tainted": false
                    },
                    "deposed": [],
                    "provider": "provider.github"
                },
                "github_team_membership.team_membership.1": {
                    "type": "github_team_membership",
                    "depends_on": [],
                    "primary": {
                        "id": "2826123:javindo",
                        "attributes": {
                            "etag": "W/\"94c06c47cb5b4f5f1efe242b97ea1b45\"",
                            "id": "2826123:javindo",
                            "role": "member",
                            "team_id": "2826123",
                            "username": "javindo"
                        },
                        "meta": {},
                        "tainted": false
                    },
                    "deposed": [],
                    "provider": "provider.github"
                },
                "github_team_membership.team_membership.2": {
                    "type": "github_team_membership",
                    "depends_on": [],
                    "primary": {
                        "id": "2826125:javindo",
                        "attributes": {
                            "etag": "W/\"131168e1ba742c248229f9966c36a95f\"",
                            "id": "2826125:javindo",
                            "role": "member",
                            "team_id": "2826125",
                            "username": "javindo"
                        },
                        "meta": {},
                        "tainted": false
                    },
                    "deposed": [],
                    "provider": "provider.github"
                },
                "github_team_membership.team_membership.3": {
                    "type": "github_team_membership",
                    "depends_on": [],
                    "primary": {
                        "id": "2915524:javindo",
                        "attributes": {
                            "etag": "W/\"e65006cf21ec67844e9828f9e02d7cc3\"",
                            "id": "2915524:javindo",
                            "role": "member",
                            "team_id": "2915524",
                            "username": "javindo"
                        },
                        "meta": {},
                        "tainted": false
                    },
                    "deposed": [],
                    "provider": "provider.github"
                }
            },
            "depends_on": []
        },
        {
            "path": [
                "root",
                "user_jhjava"
            ],
            "outputs": {},
            "resources": {
                "data.github_user.user": {
                    "type": "github_user",
                    "depends_on": [],
                    "primary": {
                        "id": "35073557",
                        "attributes": {
                            "avatar_url": "https://avatars0.githubusercontent.com/u/35073557?v=4",
                            "bio": "",
                            "blog": "",
                            "company": "",
                            "email": "",
                            "followers": "0",
                            "following": "0",
                            "gpg_keys.#": "0",
                            "gravatar_id": "",
                            "id": "35073557",
                            "location": "",
                            "login": "JHjava",
                            "name": "",
                            "public_gists": "0",
                            "public_repos": "1",
                            "site_admin": "false",
                            "ssh_keys.#": "2",
                            "ssh_keys.0": "ssh-rsa AAAAB3NzaC1yc2EAAAADAQABAAACAQC/yZQW+Xz9N6IwzwTm77jBMZHICrG/IUXA/CPnSeA8x5GIjo5ey5GXzUL3BOvj+7U8RPzg9WtI1cTpDFGxS7+i44ls5HFtE4ozaSBZdfDNqyxB1aQEiWRT8O12Q2e74NauljUHRkljS6DEmlt49lii4np/LvyJ5gbmGCxFCAMDP8cKMFEg3hdWr1jiM69/pFsiw0+VwrPv5G2cmCSmEVcvmip51VsdfA+d7k0+V054llYlZmKtGR3w2FDt0tUg+q1Jta5ZwokzYNJpBHrQkaB10TpQUJnrAUFuaa30sWdhmh9DNcthRJXSjiiRxPnwcnlhEN70swxDAMFe1syXSM2aCP6eL+qYBvcEjPHyDijUK1sG0//uTvGJY1xSwWws6NWMPpSkEW8fsUr7Fo3XmIpU6CXYtLlOQ4UC2w3pPQoDW3qKAilHdugBj26gj0qfInFwKl4/fsLgKLyNIaTbG8G2KKLtMAcu6nQ/PF4+xvdfmbUK+mQ9y5oUYm5z2WkZC9Q7lTkL+yBGdtaCMycHhbniDQeB5jMNktL78UxOhy4ICmOyr6BaDFscXS49OB0pFZZ55GBRUhinH6apIerM+3Jm8wX2mG82YkmOJfZc47rSLQbwkhy5522cKr6+KI20w16JBRmbHxkFoCotWqd0TgZ+EgxDQ+vPrQw1zySPXFlQew==",
                            "ssh_keys.1": "ssh-rsa AAAAB3NzaC1yc2EAAAADAQABAAACAQDVWjwMKLbW9aeG+78MlZI27aDBbd5hDIb64lCZNAjla3vbYfIAIqoqKpQCFQWfLmmCgp3i5lF8ZQ3+20LF62dSdsB0+2JfdyKgFf6A3kDLCSBz3s7e+megOIlhgtobvk64X2R1hGzeV8uxxfp5hfF0KqHwUXuRmUJ1qCpsOH5Bh2aA2XMM3gdH84aOxL4RscDUXzQEgbrTdwmGDfLEafHCiKFVspVUlJtWqhbA9UJoZ29ZDZHwBJLMRNV6mHGrxNU0jArst9bLyjIikaGy3tSjSmTD6kfyVsljNZn/0AkqI+akHPbYDGtcYXJnr9+YubT+KsWdmB2/M7FxWXuJIy7J/eR0Ldus6e1LWtXsCZHqRcOPe5kn7wojqiwHeFvA8MeadAlm9xzvUlLrS9oOnPx2fBBby1pc/iTuDXOscH+RiemfHzNOgzcGlPkBxFUGri2L2hfOpw+4TUMtmGz1VBi1K/iyq0A+Fd2OCHBHncwSowkcCCfAV4jdUvSGvONXzkEGtfT0GfRXGHH5Ibtkm+9hIoVtpJT4t/pCb5j+W1v1Qisoof++u6EpOAs1Ihm+vKkEktjEVad/O4SkoIFvolYoO2zxqeAN8QBP8WQW6uzS4LamfIfRpyg5nJ4jBLsyX6gIH5QmpSz2Jh+RFc5FKGS8yvND3SKPYa4TE5rHGcZynw==",
                            "username": "JHjava"
                        },
                        "meta": {},
                        "tainted": false
                    },
                    "deposed": [],
                    "provider": "provider.github"
                },
                "github_membership.org_membership": {
                    "type": "github_membership",
                    "depends_on": [],
                    "primary": {
                        "id": "alphagov:JHjava",
                        "attributes": {
                            "etag": "W/\"7d12ddb8e4d44db13a98bad07f76dbff\"",
                            "id": "alphagov:JHjava",
                            "role": "member",
                            "username": "JHjava"
                        },
                        "meta": {},
                        "tainted": false
                    },
                    "deposed": [],
                    "provider": "provider.github"
                },
                "github_team_membership.team_membership.0": {
                    "type": "github_team_membership",
                    "depends_on": [],
                    "primary": {
                        "id": "2826122:JHjava",
                        "attributes": {
                            "etag": "W/\"774aace5b747f8fb5da049d4f2fdb9ed\"",
                            "id": "2826122:JHjava",
                            "role": "member",
                            "team_id": "2826122",
                            "username": "JHjava"
                        },
                        "meta": {},
                        "tainted": false
                    },
                    "deposed": [],
                    "provider": "provider.github"
                },
                "github_team_membership.team_membership.1": {
                    "type": "github_team_membership",
                    "depends_on": [],
                    "primary": {
                        "id": "2826121:JHjava",
                        "attributes": {
                            "etag": "W/\"f17237c1e71a2ba5cab038d7c6bc42c1\"",
                            "id": "2826121:JHjava",
                            "role": "member",
                            "team_id": "2826121",
                            "username": "JHjava"
                        },
                        "meta": {},
                        "tainted": false
                    },
                    "deposed": [],
                    "provider": "provider.github"
                },
                "github_team_membership.team_membership.2": {
                    "type": "github_team_membership",
                    "depends_on": [],
                    "primary": {
                        "id": "2826120:JHjava",
                        "attributes": {
                            "etag": "W/\"f3c8e4fdc6ae3d289488e4c030523703\"",
                            "id": "2826120:JHjava",
                            "role": "member",
                            "team_id": "2826120",
                            "username": "JHjava"
                        },
                        "meta": {},
                        "tainted": false
                    },
                    "deposed": [],
                    "provider": "provider.github"
                },
                "github_team_membership.team_membership.3": {
                    "type": "github_team_membership",
                    "depends_on": [],
                    "primary": {
                        "id": "2826126:JHjava",
                        "attributes": {
                            "etag": "W/\"a9e8a8f926c8f47793c1ad04191a00ed\"",
                            "id": "2826126:JHjava",
                            "role": "member",
                            "team_id": "2826126",
                            "username": "JHjava"
                        },
                        "meta": {},
                        "tainted": false
                    },
                    "deposed": [],
                    "provider": "provider.github"
                },
                "github_team_membership.team_membership.4": {
                    "type": "github_team_membership",
                    "depends_on": [],
                    "primary": {
                        "id": "2826123:JHjava",
                        "attributes": {
                            "etag": "W/\"6b2ee3040bd5cac9adaebf330abb8065\"",
                            "id": "2826123:JHjava",
                            "role": "member",
                            "team_id": "2826123",
                            "username": "JHjava"
                        },
                        "meta": {},
                        "tainted": false
                    },
                    "deposed": [],
                    "provider": "provider.github"
                },
                "github_team_membership.team_membership.5": {
                    "type": "github_team_membership",
                    "depends_on": [],
                    "primary": {
                        "id": "2826125:JHjava",
                        "attributes": {
                            "etag": "W/\"848161b5d243a050ad28f4d88d3ab501\"",
                            "id": "2826125:JHjava",
                            "role": "member",
                            "team_id": "2826125",
                            "username": "JHjava"
                        },
                        "meta": {},
                        "tainted": false
                    },
                    "deposed": [],
                    "provider": "provider.github"
                },
                "github_team_membership.team_membership.6": {
                    "type": "github_team_membership",
                    "depends_on": [],
                    "primary": {
                        "id": "2915524:JHjava",
                        "attributes": {
                            "etag": "W/\"b24a24d0dcdedecf29f57e98442c7104\"",
                            "id": "2915524:JHjava",
                            "role": "member",
                            "team_id": "2915524",
                            "username": "JHjava"
                        },
                        "meta": {},
                        "tainted": false
                    },
                    "deposed": [],
                    "provider": "provider.github"
                }
            },
            "depends_on": []
        },
        {
            "path": [
                "root",
                "user_jkunle"
            ],
            "outputs": {},
            "resources": {
                "data.github_user.user": {
                    "type": "github_user",
                    "depends_on": [],
                    "primary": {
                        "id": "3749690",
                        "attributes": {
                            "avatar_url": "https://avatars2.githubusercontent.com/u/3749690?v=4",
                            "bio": "",
                            "blog": "",
                            "company": "",
                            "email": "",
                            "followers": "0",
                            "following": "0",
                            "gpg_keys.#": "0",
                            "gravatar_id": "",
                            "id": "3749690",
                            "location": "",
                            "login": "jkunle",
                            "name": "",
                            "public_gists": "0",
                            "public_repos": "22",
                            "site_admin": "false",
                            "ssh_keys.#": "0",
                            "username": "jkunle"
                        },
                        "meta": {},
                        "tainted": false
                    },
                    "deposed": [],
                    "provider": "provider.github"
                },
                "github_membership.org_membership": {
                    "type": "github_membership",
                    "depends_on": [],
                    "primary": {
                        "id": "alphagov:jkunle",
                        "attributes": {
                            "etag": "W/\"c09a62070d090c6a37e952311650747b\"",
                            "id": "alphagov:jkunle",
                            "role": "member",
                            "username": "jkunle"
                        },
                        "meta": {},
                        "tainted": false
                    },
                    "deposed": [],
                    "provider": "provider.github"
                },
                "github_team_membership.team_membership.0": {
                    "type": "github_team_membership",
                    "depends_on": [],
                    "primary": {
                        "id": "2826122:jkunle",
                        "attributes": {
                            "etag": "W/\"1525e1179f74ce4cfbaf1d8d1e2499c0\"",
                            "id": "2826122:jkunle",
                            "role": "member",
                            "team_id": "2826122",
                            "username": "jkunle"
                        },
                        "meta": {},
                        "tainted": false
                    },
                    "deposed": [],
                    "provider": "provider.github"
                },
                "github_team_membership.team_membership.1": {
                    "type": "github_team_membership",
                    "depends_on": [],
                    "primary": {
                        "id": "2826127:jkunle",
                        "attributes": {
                            "etag": "W/\"8d40dbf4c29f205401dfb30758992c0f\"",
                            "id": "2826127:jkunle",
                            "role": "member",
                            "team_id": "2826127",
                            "username": "jkunle"
                        },
                        "meta": {},
                        "tainted": false
                    },
                    "deposed": [],
                    "provider": "provider.github"
                },
                "github_team_membership.team_membership.2": {
                    "type": "github_team_membership",
                    "depends_on": [],
                    "primary": {
                        "id": "2826126:jkunle",
                        "attributes": {
                            "etag": "W/\"3342f3a4ae383b148d068f42bb046fd7\"",
                            "id": "2826126:jkunle",
                            "role": "member",
                            "team_id": "2826126",
                            "username": "jkunle"
                        },
                        "meta": {},
                        "tainted": false
                    },
                    "deposed": [],
                    "provider": "provider.github"
                },
                "github_team_membership.team_membership.3": {
                    "type": "github_team_membership",
                    "depends_on": [],
                    "primary": {
                        "id": "2826123:jkunle",
                        "attributes": {
                            "etag": "W/\"d71b6a251dd8c68c930ab8611d8a8eee\"",
                            "id": "2826123:jkunle",
                            "role": "member",
                            "team_id": "2826123",
                            "username": "jkunle"
                        },
                        "meta": {},
                        "tainted": false
                    },
                    "deposed": [],
                    "provider": "provider.github"
                },
                "github_team_membership.team_membership.4": {
                    "type": "github_team_membership",
                    "depends_on": [],
                    "primary": {
                        "id": "2826125:jkunle",
                        "attributes": {
                            "etag": "W/\"b235ac9995310357ab9af2bd2f322dac\"",
                            "id": "2826125:jkunle",
                            "role": "member",
                            "team_id": "2826125",
                            "username": "jkunle"
                        },
                        "meta": {},
                        "tainted": false
                    },
                    "deposed": [],
                    "provider": "provider.github"
                },
                "github_team_membership.team_membership.5": {
                    "type": "github_team_membership",
                    "depends_on": [],
                    "primary": {
                        "id": "2915524:jkunle",
                        "attributes": {
                            "etag": "W/\"997f23085ba79543737922ecfd1dea00\"",
                            "id": "2915524:jkunle",
                            "role": "member",
                            "team_id": "2915524",
                            "username": "jkunle"
                        },
                        "meta": {},
                        "tainted": false
                    },
                    "deposed": [],
                    "provider": "provider.github"
                }
            },
            "depends_on": []
        },
        {
            "path": [
                "root",
                "user_jstandring_gds"
            ],
            "outputs": {},
            "resources": {
                "data.github_user.user": {
                    "type": "github_user",
                    "depends_on": [],
                    "primary": {
                        "id": "19669295",
                        "attributes": {
                            "avatar_url": "https://avatars1.githubusercontent.com/u/19669295?v=4",
                            "bio": "",
                            "blog": "",
                            "company": "",
                            "email": "",
                            "followers": "0",
                            "following": "0",
                            "gpg_keys.#": "1",
                            "gpg_keys.0": "xsFNBFrCKpIBEAC9dE9obtlBxYFQvsrEkgVDukhGb6152Ly3av/WquNSO5oLXghKP0hfgwrTH7EoWzm/sumj6tqwf314AAni1AI1WA5kcGMS+9zB17c3fPKIrOv2KbbIG4VO5gB+9dheG0eGbOzegsFiSLGIxdfcX22fwi3GL1Kw4aoQdFzWhicnJqOkDG2+cKeR/WMGPMnUPjJf/wt2pkIq533Gm0Pt4FEsdoQgB8XcBC2qLCsfETW/ZqB1YP1xpgYRdj9t16JwKh2FgxjZiLUWHaxhX8br3UV+N0Zny4vOBK/zI/GEJUoSndRodFRqipxKtOV6W8R3419ELTO6RGF3/jfogouZPUttw6nXpMEd6v+xqnOq6Ilj6YWYmMHzWYvdkcLZqhr6hIM8flQbrNXxy1DbSQ9ujtoEt9mlgJU3txpVbrMiTez1lgiktjTuqreVr9/Lp+boXTHp1l0/VCnVvlDV9gTuWzvUDS1uaK4rMIZQhqgXfO+NZMgVH4SE3Dbvu7tXHIYhdGnUqxkQaMXzHXxWExGudFZQP8bJBpc023r7OhCJJmo8876WlCIKBvgdpNb2/DXkdmNQDhGQwicLmVtCOdKzN+w1w6NXyZlcN5jJ44PQXrTMAEvRkKLwxixoMijjqWpr1hTT8RpLUcr+biNOqx+bdh29iCuxtxsRdr3m4O4JtmxnfwARAQAB",
                            "gravatar_id": "",
                            "id": "19669295",
                            "location": "",
                            "login": "jstandring-gds",
                            "name": "",
                            "public_gists": "0",
                            "public_repos": "1",
                            "site_admin": "false",
                            "ssh_keys.#": "3",
                            "ssh_keys.0": "ssh-rsa AAAAB3NzaC1yc2EAAAADAQABAAACAQDfKpwdgfIVnYCCIkcE29Q3ykt4XpEbfMu7r5GdCPCvhK2MNB4W24qWB2KMdArdBLomjDN30+0Lo5g2oppXIu0mssTdsOcdyhv5TfW9hROwTa0gcsjHis2HrkwUMJzhP2+Mluaajyt/ewSIONWdCVLTSEOnbg+Pco599ynX5IVjcCk0ne/TAqK3YY6iWDxUNunfRHO+BuDxO10bWHun/euv0y0faKSzI0f6dmeZy4Ku95DlaS8N87B1GN2p5PBYkUG8gETRYzfZgK9Clc5RR7dIQ2uXGAqXa3uPjDkyL6mGT3gA+udRPuZdv9nEP+fx5FixTtqeHnNhsuDiBreSYeZzr4zHwGpRIyA1v661zaNPUOqdmsI9zABFOXm69JdiXcMKsMX4IBpVQsO7h9JyTRjnNH+wRSNPPOjRZWhIZoxtEEH2W7fAH75chwFnUx61sKdJRtTKIv6pDDsYjwAn7Xi7F4bCC2pFlr9tR6WnXoXPcpIyQOcYwDm1FdRNLWKB2yAae9LFKPR14Y/C6QW4H5DKNOGm7rFJqi2219qqO0saCyMjjI0NtKOmXFKEZl0U+gWT925WplSbPz/RHLLC4anOvH6Nou+v/conh5wZFs3y7yzUeIf14NvBl6ulJPXyIQaQzyKXzWktCdVkCw8aKLk5fmsXoU8lndMR9BCBB5jCHQ==",
                            "ssh_keys.1": "ssh-rsa AAAAB3NzaC1yc2EAAAADAQABAAACAQDIkDGmQFdrCcJqEsOOcmdi7sYajA92epeBoG9EB83Fe5h4CY+dLIOBFbdbeKTCwrM9joOUUBXI85smv9L7rJ/oB/iRKIoP93OncEhquIgR/wym4YbKGcGa75gljBCPxpYDsb3VhI5etF3+oz5icfs5k3wOL9pokknzk/YG0XdCo6iHSwwITDemAERygSLBimMA7IpXuP9zQELxI6ZacBJGZyBwJ9cNqz9zPh/UIimhrXa7qeYbehNvUE0S2kwarUdsMt4+7ClssXiYp2QBTjqRmjTKC6XgkN+wHIpLzv0tDOVD4jH+CV7pw8LpC6ePhWf0l9j8SR0OPpyyvCN7BdN3IrUMmJzNTkZlqBlQdp3QuV+GB8yiXRgSkwqVYxFrTZT5FArXUUYdqk77/7kRNzBBUChi5KXqqlq5QRkhc7dtkXHi3ptrmC7OEurmDrKjW3dhDHPNc6VNaf6SCiR6xtk0F/ju1JQ1jTYMI3kB/X0LbS05qgD9mgQkuzwdhQhG4pJvvdo60d/+fqpYeThVz63GdS/t2RdrfCwiE5GSO/UsoRQg3zjJkZiZmUKtK9yL6n46bhH4AHYGdLXdIAhZJwqo6cap390MVgeUSWFxiGVTg9qvW7PSpEGCtFzRSpLGiL5gaojQR9ikEwRvJJ4Qv511pt4/psuDgi/NbVhvxSX16Q==",
                            "ssh_keys.2": "ssh-rsa AAAAB3NzaC1yc2EAAAADAQABAAACAQC5GomN8xUQ6zn1fQ4HOs9dvpl9JbRGApV0/lAv4GYNHRjJ8K5AMijAuPJ+Uz9hUQI5OI14BKSHN4QYgLfLgFuF5PecNAOmHU8ktQEWre0t8SL78SrQfLoj6kVeAGY73Cvzi1ZakB9kt8kyAAYRUSIcD23U4OqR/qpE0feJRnS/YuKesz7rX1njJOuScuq/eDbQZbYpq1b04OPwFyAzOEZFdmfXZ/gQZzALGz5AGv0HHRwsBglgikZalc17GpJl2SjG7fxOHh86Woj/m7N1CJZzJH0ew5jYq6/vOzUhmddMQMClBGERjCLwnDpl8mG/ELvMnBo4csynKXP+oFgrbkshuW54uS4lhuywfnqMfU/NWVnch3knQZs7uLyus9KWsYQGcFEhs+1ozk+URoGLk4XLF507I14TW2HTux6eomEiuMEmdblvUwcFEqhqh0ygLkBN0cf/R1GnwYoOLnRTK7gQOKAwy1qnStxo3F8sz+hkR8bqNlC3wZWj0641MgXEDab7BTUrvsFv7cto6XW9CbbuRukKQJYZB4fGC/gEsWimJLGWM1fVTVtjvGo3XDodl51Q4kHOn7wql/JKbkzexggb+p5rdwSXn9+kHB0QREUCqcrRb5TLjyBdandQCMfyvhBl0N+TSqZys0lmYQn0bsbe6WYFm44Zpk0GAaFFRG0vKQ==",
                            "username": "jstandring-gds"
                        },
                        "meta": {},
                        "tainted": false
                    },
                    "deposed": [],
                    "provider": "provider.github"
                },
                "github_membership.org_membership": {
                    "type": "github_membership",
                    "depends_on": [],
                    "primary": {
                        "id": "alphagov:jstandring-gds",
                        "attributes": {
                            "etag": "W/\"3657e5fa03925f01f4e42201170b56a8\"",
                            "id": "alphagov:jstandring-gds",
                            "role": "member",
                            "username": "jstandring-gds"
                        },
                        "meta": {},
                        "tainted": false
                    },
                    "deposed": [],
                    "provider": "provider.github"
                },
                "github_team_membership.team_membership.0": {
                    "type": "github_team_membership",
                    "depends_on": [],
                    "primary": {
                        "id": "2826127:jstandring-gds",
                        "attributes": {
                            "etag": "W/\"5c21fb0a347aa743c88f82e2866dd4b8\"",
                            "id": "2826127:jstandring-gds",
                            "role": "member",
                            "team_id": "2826127",
                            "username": "jstandring-gds"
                        },
                        "meta": {},
                        "tainted": false
                    },
                    "deposed": [],
                    "provider": "provider.github"
                },
                "github_team_membership.team_membership.1": {
                    "type": "github_team_membership",
                    "depends_on": [],
                    "primary": {
                        "id": "2826126:jstandring-gds",
                        "attributes": {
                            "etag": "W/\"6b5fe3a9254b42921e8e445f1ab24057\"",
                            "id": "2826126:jstandring-gds",
                            "role": "member",
                            "team_id": "2826126",
                            "username": "jstandring-gds"
                        },
                        "meta": {},
                        "tainted": false
                    },
                    "deposed": [],
                    "provider": "provider.github"
                },
                "github_team_membership.team_membership.2": {
                    "type": "github_team_membership",
                    "depends_on": [],
                    "primary": {
                        "id": "2826120:jstandring-gds",
                        "attributes": {
                            "etag": "W/\"f1393ad3dd6c76d3a14df44b7aac0077\"",
                            "id": "2826120:jstandring-gds",
                            "role": "member",
                            "team_id": "2826120",
                            "username": "jstandring-gds"
                        },
                        "meta": {},
                        "tainted": false
                    },
                    "deposed": [],
                    "provider": "provider.github"
                },
                "github_team_membership.team_membership.3": {
                    "type": "github_team_membership",
                    "depends_on": [],
                    "primary": {
                        "id": "2826125:jstandring-gds",
                        "attributes": {
                            "etag": "W/\"c21d82c734f9836191d526610d67deb2\"",
                            "id": "2826125:jstandring-gds",
                            "role": "member",
                            "team_id": "2826125",
                            "username": "jstandring-gds"
                        },
                        "meta": {},
                        "tainted": false
                    },
                    "deposed": [],
                    "provider": "provider.github"
                },
                "github_team_membership.team_membership.4": {
                    "type": "github_team_membership",
                    "depends_on": [],
                    "primary": {
                        "id": "2915524:jstandring-gds",
                        "attributes": {
                            "etag": "W/\"8757be790300e975e09a2ec2d96f35dc\"",
                            "id": "2915524:jstandring-gds",
                            "role": "member",
                            "team_id": "2915524",
                            "username": "jstandring-gds"
                        },
                        "meta": {},
                        "tainted": false
                    },
                    "deposed": [],
                    "provider": "provider.github"
                }
            },
            "depends_on": []
        },
        {
            "path": [
                "root",
                "user_karlbaker02"
            ],
            "outputs": {},
            "resources": {
                "data.github_user.user": {
                    "type": "github_user",
                    "depends_on": [],
                    "primary": {
                        "id": "5422487",
                        "attributes": {
                            "avatar_url": "https://avatars2.githubusercontent.com/u/5422487?v=4",
                            "bio": "",
                            "blog": "",
                            "company": "",
                            "email": "",
                            "followers": "3",
                            "following": "4",
                            "gpg_keys.#": "0",
                            "gravatar_id": "",
                            "id": "5422487",
                            "location": "",
                            "login": "karlbaker02",
                            "name": "Karl Baker",
                            "public_gists": "2",
                            "public_repos": "13",
                            "site_admin": "false",
                            "ssh_keys.#": "2",
                            "ssh_keys.0": "ssh-rsa AAAAB3NzaC1yc2EAAAADAQABAAACAQCo6AI0U+VFs2dkrwNDMKcU7j5lhSPFDuboQrsGyC1tv8aUBlCSfVDaPRPT20lYANN7tFgQD9mKXaMlUd9bCJJFs7L3CbE+/kSQCE85rfPFDaTMb3/WzYzwMjDD05pRtvdBwmkS6o8IFA4Yyd29qahYhnrO3jexBIZnNdM4nWZCac+nX/8bWckPOGWIR7fTNWoS8C8tioiUDqa/ZflzGqA0NKv7M0I1kwKqHt25FHaqZxnGmnKEC9QIUGbS4cC1cJQ2AO3NqJGPWhb39QrZwvv+Juh9rU3vuohDfx7Xm1Lh8NMVf3+c1vNTcK+DvaGGLZJ20JUBXlRRFFviLo9eaaf5fHIn5bM9aKFwxoPZtlj73FQpv04bUJf/LlbnGgLeW+B6Pl2w2qFp3u5p5NtvPEnLLPm4ljiPsJwl6vdmZy/xLc8/Ze0xyOeMaENm9MFK8BykgBqXqmEsSntvryP2fp1LgwDOt9ufLpF+yLq6hXl/JKYDJZiCTUjpwSbO/GRbsf2PCjzcwLxKIru3QtR9IZmiopeYRbDvH6Zofs/4M4mQVlBv15CKthVSTwwvcb9vOQyRa2uRW6FkY//g04+2yXpU742Cuh0CgNUd1fJ/vO3kCO0Fup/m3M0B7Vsr4NE5/0XdZSXOd5sF9oB4uVh9vE7apD0+hGbeQHzXz5cRNn52KQ==",
                            "ssh_keys.1": "ssh-rsa AAAAB3NzaC1yc2EAAAADAQABAAACAQCqeUIJsHcR3We6lgpqhSkGZMn+JdkltVsDoTCzn2+X6jcHKWdL96n+FXiRl3pCDUmkDKiY4Dy9nwsFlRkL87zO/dN87hCVdWWuqNXrXVmhK3fV6C+ax0oYRpAfh7o79220YC/8jv/gODnTQt/UnsXI1Z1mtDBZ77dHWsoWv24WVOuLyDl7UQ5hMX+sKbopqtNEJQjMpwNZZFWzsbiiqaU52eNDuRJbQqFMYSPZyL884+QsITkDcD7/qV3QAzsmEcznDCD9d25z5z/nTO++wrCTjOGgphD2UtBsaRVZnJ94YDezAhxodX6s/Rz4EAsZnB9iQTRIbbWmjf9zj81D0vx4qxNX/RoQQYfqCf61WVLjnk1fRZw//XWThImKaytfH8jaXDreTp6ldVIcZoiIQEhC+0tZqgxBVE7CrFJ2s+vwHcLKaK3Pu7ebQfB9KyhJZte2mP3hDGAXbnSgurvvXPKodctBKMXrv8N74tktwiL52pS2T1KvGs0EYQhLRynFpufHyQny6hACrZjTxYNJO/xXCO9Mdnq/bJwImUH8tg3oTqaLOehC6FFKWkz8xNh/X0tpBH3j3IJBzEXrBI9ojnL9rjMlSPCJC/sVlHc0+32R4a4Vu4vjCr80R7rYaZ27AptAquI4tptgMQJEkUUL+vYho6tkEHiSrp/PA6E+7kEV5Q==",
                            "username": "karlbaker02"
                        },
                        "meta": {},
                        "tainted": false
                    },
                    "deposed": [],
                    "provider": "provider.github"
                },
                "github_membership.org_membership": {
                    "type": "github_membership",
                    "depends_on": [],
                    "primary": {
                        "id": "alphagov:karlbaker02",
                        "attributes": {
                            "etag": "W/\"6e9c95fb884af5dc5107a1fd3ff668c9\"",
                            "id": "alphagov:karlbaker02",
                            "role": "member",
                            "username": "karlbaker02"
                        },
                        "meta": {},
                        "tainted": false
                    },
                    "deposed": [],
                    "provider": "provider.github"
                },
                "github_team_membership.team_membership.0": {
                    "type": "github_team_membership",
                    "depends_on": [],
                    "primary": {
                        "id": "2826122:karlbaker02",
                        "attributes": {
                            "etag": "W/\"a660fedb5ec4d46c3abbc57c0bcaec85\"",
                            "id": "2826122:karlbaker02",
                            "role": "member",
                            "team_id": "2826122",
                            "username": "karlbaker02"
                        },
                        "meta": {},
                        "tainted": false
                    },
                    "deposed": [],
                    "provider": "provider.github"
                },
                "github_team_membership.team_membership.1": {
                    "type": "github_team_membership",
                    "depends_on": [],
                    "primary": {
                        "id": "2826127:karlbaker02",
                        "attributes": {
                            "etag": "W/\"0b693a008482aac5636db0b982f184fd\"",
                            "id": "2826127:karlbaker02",
                            "role": "member",
                            "team_id": "2826127",
                            "username": "karlbaker02"
                        },
                        "meta": {},
                        "tainted": false
                    },
                    "deposed": [],
                    "provider": "provider.github"
                },
                "github_team_membership.team_membership.2": {
                    "type": "github_team_membership",
                    "depends_on": [],
                    "primary": {
                        "id": "2826126:karlbaker02",
                        "attributes": {
                            "etag": "W/\"daca6be80aea3fb02afb4776a8cdd0e6\"",
                            "id": "2826126:karlbaker02",
                            "role": "member",
                            "team_id": "2826126",
                            "username": "karlbaker02"
                        },
                        "meta": {},
                        "tainted": false
                    },
                    "deposed": [],
                    "provider": "provider.github"
                },
                "github_team_membership.team_membership.3": {
                    "type": "github_team_membership",
                    "depends_on": [],
                    "primary": {
                        "id": "2826123:karlbaker02",
                        "attributes": {
                            "etag": "W/\"2b72ec89e74a6f1ed91fba91d66bdfaa\"",
                            "id": "2826123:karlbaker02",
                            "role": "member",
                            "team_id": "2826123",
                            "username": "karlbaker02"
                        },
                        "meta": {},
                        "tainted": false
                    },
                    "deposed": [],
                    "provider": "provider.github"
                },
                "github_team_membership.team_membership.4": {
                    "type": "github_team_membership",
                    "depends_on": [],
                    "primary": {
                        "id": "2826125:karlbaker02",
                        "attributes": {
                            "etag": "W/\"307835ccdf38595b9b209adfaa41f619\"",
                            "id": "2826125:karlbaker02",
                            "role": "member",
                            "team_id": "2826125",
                            "username": "karlbaker02"
                        },
                        "meta": {},
                        "tainted": false
                    },
                    "deposed": [],
                    "provider": "provider.github"
                },
                "github_team_membership.team_membership.5": {
                    "type": "github_team_membership",
                    "depends_on": [],
                    "primary": {
                        "id": "2915524:karlbaker02",
                        "attributes": {
                            "etag": "W/\"c41dba8dc65505370ff336872c5990fb\"",
                            "id": "2915524:karlbaker02",
                            "role": "member",
                            "team_id": "2915524",
                            "username": "karlbaker02"
                        },
                        "meta": {},
                        "tainted": false
                    },
                    "deposed": [],
                    "provider": "provider.github"
                }
            },
            "depends_on": []
        },
        {
            "path": [
                "root",
                "user_kerrr"
            ],
            "outputs": {},
            "resources": {
                "data.github_user.user": {
                    "type": "github_user",
                    "depends_on": [],
                    "primary": {
                        "id": "1562584",
                        "attributes": {
                            "avatar_url": "https://avatars2.githubusercontent.com/u/1562584?v=4",
                            "bio": "",
                            "blog": "",
                            "company": "",
                            "email": "kerr.rainey@gmail.com",
                            "followers": "0",
                            "following": "0",
                            "gpg_keys.#": "0",
                            "gravatar_id": "",
                            "id": "1562584",
                            "location": "",
                            "login": "kerrr",
                            "name": "Kerr Rainey",
                            "public_gists": "0",
                            "public_repos": "0",
                            "site_admin": "false",
                            "ssh_keys.#": "1",
                            "ssh_keys.0": "ssh-rsa AAAAB3NzaC1yc2EAAAADAQABAAACAQClEO9KP57smJXSDiscW7iV6eZBBwDpmg4nQus7ssrUmaidhHTkDGET7Kk9wrrcHc8NIHrbk0KdCWO1AuV+oSJa85MNhRafhKPwexkxiidwbLBWq4+ZOE29lN40gtkEqG9chPcCGzAIcnXXitsihpVh9p5wfnrUC/T5bsPIu7yx1hhbNYH5AA+WNqC1U+nDwB+jyYhf4iqOA4cx9xQ/Z6K7M+HtLmUbb+8tYPXdHZOKGx6s3VC0DLkZu727QiW6B3yUxi1AuCCV4zGsVOIDC6iM16RNwv/cCfQcNdCBkBAw2ZvQtyJEkwcH8zaIvgHGdp/WaQKy/oE2wL2yEvozVgnKVqafbNfwFP/Ezal4mHyWRH8LmYMaA2lquVZudCL6/Cn/RhhpcQYTFsUzd3523HpNKu3IMetKZdwj3b8j98PLwgXApMVN04m/Fq/642ki9l9UGUVqGJxrUrVCFEJDZI+0NTU+ke77rLfHL2KIMqYAn7ogRFMMRXtgHf+khJ1MKZa8mbDgef+OWe4JahqjggIGHNWsvwWrU7Iop2SlfygXHN/CSoJtVxoZSpK35ehV9rDyxGuCsWAOdROMDzHuz2X008BW/8+kxMvHvT4kZD+Wjh/xsIKZ44pc+zP7WwE0mBuRSGSuASf3kjsV0mQnzcmjF1nnbx+pf7lx5ab8XAzREw==",
                            "username": "kerrr"
                        },
                        "meta": {},
                        "tainted": false
                    },
                    "deposed": [],
                    "provider": "provider.github"
                },
                "github_membership.org_membership": {
                    "type": "github_membership",
                    "depends_on": [],
                    "primary": {
                        "id": "alphagov:kerrr",
                        "attributes": {
                            "etag": "W/\"1efe86f684e5624ffc591c744850f4d8\"",
                            "id": "alphagov:kerrr",
                            "role": "member",
                            "username": "kerrr"
                        },
                        "meta": {},
                        "tainted": false
                    },
                    "deposed": [],
                    "provider": "provider.github"
                },
                "github_team_membership.team_membership.0": {
                    "type": "github_team_membership",
                    "depends_on": [],
                    "primary": {
                        "id": "2826122:kerrr",
                        "attributes": {
                            "etag": "W/\"4bf6d66baa80850008971f02f779dd77\"",
                            "id": "2826122:kerrr",
                            "role": "member",
                            "team_id": "2826122",
                            "username": "kerrr"
                        },
                        "meta": {},
                        "tainted": false
                    },
                    "deposed": [],
                    "provider": "provider.github"
                },
                "github_team_membership.team_membership.1": {
                    "type": "github_team_membership",
                    "depends_on": [],
                    "primary": {
                        "id": "2826123:kerrr",
                        "attributes": {
                            "etag": "W/\"2ecc0f7ee4d102c2142f375d4183a0b0\"",
                            "id": "2826123:kerrr",
                            "role": "member",
                            "team_id": "2826123",
                            "username": "kerrr"
                        },
                        "meta": {},
                        "tainted": false
                    },
                    "deposed": [],
                    "provider": "provider.github"
                },
                "github_team_membership.team_membership.2": {
                    "type": "github_team_membership",
                    "depends_on": [],
                    "primary": {
                        "id": "2826125:kerrr",
                        "attributes": {
                            "etag": "W/\"26fce4d57728934a12f13c216a9fa1d5\"",
                            "id": "2826125:kerrr",
                            "role": "member",
                            "team_id": "2826125",
                            "username": "kerrr"
                        },
                        "meta": {},
                        "tainted": false
                    },
                    "deposed": [],
                    "provider": "provider.github"
                },
                "github_team_membership.team_membership.3": {
                    "type": "github_team_membership",
                    "depends_on": [],
                    "primary": {
                        "id": "2915524:kerrr",
                        "attributes": {
                            "etag": "W/\"7e0f272c3e8e7b6a4bce68c1f2d327d0\"",
                            "id": "2915524:kerrr",
                            "role": "member",
                            "team_id": "2915524",
                            "username": "kerrr"
                        },
                        "meta": {},
                        "tainted": false
                    },
                    "deposed": [],
                    "provider": "provider.github"
                }
            },
            "depends_on": []
        },
        {
            "path": [
                "root",
                "user_kgarwood"
            ],
            "outputs": {},
            "resources": {
                "data.github_user.user": {
                    "type": "github_user",
                    "depends_on": [],
                    "primary": {
                        "id": "7047139",
                        "attributes": {
                            "avatar_url": "https://avatars2.githubusercontent.com/u/7047139?v=4",
                            "bio": "",
                            "blog": "https://uk.linkedin.com/in/kevin-garwood-6b6a53",
                            "company": "Government Digital Services",
                            "email": "",
                            "followers": "4",
                            "following": "0",
                            "gpg_keys.#": "0",
                            "gravatar_id": "",
                            "id": "7047139",
                            "location": "London, UK",
                            "login": "kgarwood",
                            "name": "Kevin Garwood",
                            "public_gists": "0",
                            "public_repos": "5",
                            "site_admin": "false",
                            "ssh_keys.#": "1",
                            "ssh_keys.0": "ssh-rsa AAAAB3NzaC1yc2EAAAADAQABAAACAQC+EhOj1G/au6/7APLts0wINF6uU5S3AyH5Ti5dBQbir3oIAz9+OFmeiet3chUt8yaXjIZmF/7BgurzY9QRMvyX7YtuFNCohuGgcM5/1elgcQQlarYaeAQLSy6AwtaofIaGGSGua655ehKZHbw/veq0ogV2hstVNCKF7jrinoSvb/3bOQfi/tmh/hIwIyF13C8+uwXMrKpDC0UmPVQhcRf1RIsMkodYCAVf3Wo8aJmhzKQmNccuGSCu2LwUbHSwFMEMpLjq3172lhsirGIHgSs0u+lKAzAZNTOWagDC8nRlfnmUlL0D8hadW3qA69fds6fq4dJtnF2T/HJpwsIXerDKnK0tjcWlO7/s9B9KGB39OiOI0qxJJem2Z0hQwxODk6E+t5GGeMVusgi93/q6q6qJAHXwPBb2edUKH1KoHWZeds64VbwSWQcpfUlU3ztTCQF23WyrOggijjEoALPRmm1gZbBUT5mMfvCzqWdYQ0x6wNwS9JiH0T0I/cIjGBC6z+XB3oDio8I86VwV0kFFCEqQutGQjPTM1gAIT2+mOvfsf3e4KLQABtqjGrT7Fb3Ny6qmzpEf5pu9ZVR8yyxDXd5VIq4UbMNa8aXChy1L4DVk4CLrGpYyywRjt2QXe796sl+CnEncDdUwZD8IIjmdcXE5L6Rppm8mWdcCKbeRqlQmGQ==",
                            "username": "kgarwood"
                        },
                        "meta": {},
                        "tainted": false
                    },
                    "deposed": [],
                    "provider": "provider.github"
                },
                "github_membership.org_membership": {
                    "type": "github_membership",
                    "depends_on": [],
                    "primary": {
                        "id": "alphagov:kgarwood",
                        "attributes": {
                            "etag": "W/\"bd83013cebb3bd1709461cef64461caa\"",
                            "id": "alphagov:kgarwood",
                            "role": "member",
                            "username": "kgarwood"
                        },
                        "meta": {},
                        "tainted": false
                    },
                    "deposed": [],
                    "provider": "provider.github"
                },
                "github_team_membership.team_membership.0": {
                    "type": "github_team_membership",
                    "depends_on": [],
                    "primary": {
                        "id": "2826122:kgarwood",
                        "attributes": {
                            "etag": "W/\"ff817a60568f4e2224cde5d1a14ec955\"",
                            "id": "2826122:kgarwood",
                            "role": "member",
                            "team_id": "2826122",
                            "username": "kgarwood"
                        },
                        "meta": {},
                        "tainted": false
                    },
                    "deposed": [],
                    "provider": "provider.github"
                },
                "github_team_membership.team_membership.1": {
                    "type": "github_team_membership",
                    "depends_on": [],
                    "primary": {
                        "id": "2826121:kgarwood",
                        "attributes": {
                            "etag": "W/\"73a51c22d37cf08cacb8050201b93267\"",
                            "id": "2826121:kgarwood",
                            "role": "member",
                            "team_id": "2826121",
                            "username": "kgarwood"
                        },
                        "meta": {},
                        "tainted": false
                    },
                    "deposed": [],
                    "provider": "provider.github"
                },
                "github_team_membership.team_membership.2": {
                    "type": "github_team_membership",
                    "depends_on": [],
                    "primary": {
                        "id": "2826120:kgarwood",
                        "attributes": {
                            "etag": "W/\"3292c35ac5b683065c192a6cfb868787\"",
                            "id": "2826120:kgarwood",
                            "role": "member",
                            "team_id": "2826120",
                            "username": "kgarwood"
                        },
                        "meta": {},
                        "tainted": false
                    },
                    "deposed": [],
                    "provider": "provider.github"
                },
                "github_team_membership.team_membership.3": {
                    "type": "github_team_membership",
                    "depends_on": [],
                    "primary": {
                        "id": "2826126:kgarwood",
                        "attributes": {
                            "etag": "W/\"834e2e1cf9dacbbc00cae669b01721d7\"",
                            "id": "2826126:kgarwood",
                            "role": "member",
                            "team_id": "2826126",
                            "username": "kgarwood"
                        },
                        "meta": {},
                        "tainted": false
                    },
                    "deposed": [],
                    "provider": "provider.github"
                },
                "github_team_membership.team_membership.4": {
                    "type": "github_team_membership",
                    "depends_on": [],
                    "primary": {
                        "id": "2826123:kgarwood",
                        "attributes": {
                            "etag": "W/\"39d112343c3bc20eb85fd4ae12891122\"",
                            "id": "2826123:kgarwood",
                            "role": "member",
                            "team_id": "2826123",
                            "username": "kgarwood"
                        },
                        "meta": {},
                        "tainted": false
                    },
                    "deposed": [],
                    "provider": "provider.github"
                },
                "github_team_membership.team_membership.5": {
                    "type": "github_team_membership",
                    "depends_on": [],
                    "primary": {
                        "id": "2826125:kgarwood",
                        "attributes": {
                            "etag": "W/\"ad29961aeb5ed96d60366353baa0c723\"",
                            "id": "2826125:kgarwood",
                            "role": "member",
                            "team_id": "2826125",
                            "username": "kgarwood"
                        },
                        "meta": {},
                        "tainted": false
                    },
                    "deposed": [],
                    "provider": "provider.github"
                },
                "github_team_membership.team_membership.6": {
                    "type": "github_team_membership",
                    "depends_on": [],
                    "primary": {
                        "id": "2915524:kgarwood",
                        "attributes": {
                            "etag": "W/\"38d60dd6bdec5537273864d0b66a1d75\"",
                            "id": "2915524:kgarwood",
                            "role": "member",
                            "team_id": "2915524",
                            "username": "kgarwood"
                        },
                        "meta": {},
                        "tainted": false
                    },
                    "deposed": [],
                    "provider": "provider.github"
                }
            },
            "depends_on": []
        },
        {
            "path": [
                "root",
                "user_mariaslo"
            ],
            "outputs": {},
            "resources": {
                "data.github_user.user": {
                    "type": "github_user",
                    "depends_on": [],
                    "primary": {
                        "id": "33223580",
                        "attributes": {
                            "avatar_url": "https://avatars3.githubusercontent.com/u/33223580?v=4",
                            "bio": "",
                            "blog": "",
                            "company": "",
                            "email": "",
                            "followers": "0",
                            "following": "0",
                            "gpg_keys.#": "0",
                            "gravatar_id": "",
                            "id": "33223580",
                            "location": "",
                            "login": "Mariaslo",
                            "name": "",
                            "public_gists": "0",
                            "public_repos": "2",
                            "site_admin": "false",
                            "ssh_keys.#": "1",
                            "ssh_keys.0": "ssh-rsa AAAAB3NzaC1yc2EAAAADAQABAAACAQCwQ4SPq8K6hKA6NuQ/fmQHbIPZzABJRapcSA2PDtAUOu6DpmwlCgM0yJhVi80pYNU+/ZtwHFuzPZ0est/2hZDYlTng7PNO3BOmLj4iLbJFaXMaSPBkZGMfP0aFqJ/wqw5JJtwCRdm3pBw0FfyrFgAETIBDSGphcJ6F7W3bAKTre7TY4vU37hFJm4jcnk9LBUXS3rS0IhDgri7weuKvcsfWT5f10/4JXwH9bwnvldwUmdmwGgOcgZrFr4rmLa/R2AAhzAbhCCH4YfQbw62lurKwIuufnq7KpDqoblpbDrf5uT0gzAkOv+Ck7BEO+pMoXhdmPgzIF8/5JwSNaYOtcLSXKhjoOmeSoRNmPaiCtjTjyjFd1LNR1+vTmx7LWExAlgp9mCkKymd4dy2cN4kU5Q9yIVVgNZfkwXGNT7D0dcw1rfb05A7ubUcv0bM73Oxu/b8PszMKx07Y175eEoPlcx1KYfwSrfQE/4E9cjj4aUaj/4nkfQRad6mExNqLaC4aPWj2CMO3HPkLhdeGIgmXAIH7sY/wl0kEVL+brKNeBfxlozuzfqJh4r5VQhw4dZTzXMIjgBKIbdbQBCJbls2LZtaCbZPbHVjyr7Y24Ke6nzvNSF5MkQcBaiPhX4AKwaHSp+p2lRTLzvp9ezncIeNWAGxWfAg3DGObcHhWKDBjuSHqWQ==",
                            "username": "Mariaslo"
                        },
                        "meta": {},
                        "tainted": false
                    },
                    "deposed": [],
                    "provider": "provider.github"
                },
                "github_membership.org_membership": {
                    "type": "github_membership",
                    "depends_on": [],
                    "primary": {
                        "id": "alphagov:Mariaslo",
                        "attributes": {
                            "etag": "W/\"4aa942ed61ad381d313b2494fbe35a20\"",
                            "id": "alphagov:Mariaslo",
                            "role": "member",
                            "username": "Mariaslo"
                        },
                        "meta": {},
                        "tainted": false
                    },
                    "deposed": [],
                    "provider": "provider.github"
                },
                "github_team_membership.team_membership": {
                    "type": "github_team_membership",
                    "depends_on": [],
                    "primary": {
                        "id": "2826124:mariaslo",
                        "attributes": {
                            "etag": "W/\"22a34f897d019b43e13f637f00ef5441\"",
                            "id": "2826124:mariaslo",
                            "role": "member",
                            "team_id": "2826124",
                            "username": "Mariaslo"
                        },
                        "meta": {},
                        "tainted": false
                    },
                    "deposed": [],
                    "provider": "provider.github"
                }
            },
            "depends_on": []
        },
        {
            "path": [
                "root",
                "user_matthewcullum_gds"
            ],
            "outputs": {},
            "resources": {
                "data.github_user.user": {
                    "type": "github_user",
                    "depends_on": [],
                    "primary": {
                        "id": "37868172",
                        "attributes": {
                            "avatar_url": "https://avatars0.githubusercontent.com/u/37868172?v=4",
                            "bio": "",
                            "blog": "",
                            "company": "",
                            "email": "",
                            "followers": "0",
                            "following": "0",
                            "gpg_keys.#": "1",
                            "gpg_keys.0": "xsFNBFsCgjQBEACcGLIHHMkBL5qD9LXfCM49exJ2F1y7qbxbQyGOO1vh4T/S0pSEnq+mSgRfN/Noj8zAteHxm00qAiilQOr5JGyIsf5z10gZDtA8BdSdkJIDI6FjVeHc35UDQI2sfgh/aUZUJe2a4Xfji/4hv6FnpVrTuRYLWpQ4H1m2QvdM3KN2YzJ3+130aMtxSmVutXHll5VsOaErUcEcXsYaTtHsBvas+RcEbi7OmPAc2DAUo2GrCGz6Ml2faF7SO+eJYGSxqRBkLLcl8eVPNow22EHb0zc8ZCxgLE2VmFx6JSnMnYbrqr4Nd3dTHLh1BP/jCekUSSzj1713PNrGgBql4nTC3zBAMMTqLpRfCr0J5uqpZ8n9ck0yTRPPXdcFpjImOqoKSyQVI00kQUdJvGx81QOhovkoSY8LF1DgfzGcBlPhkP1R5jOtLXPWd+CkgcRuyfGK/tHWizPewepyfVI1zo2ImMAIucxQ2ByRq6HJi/ABexsj9WkR5YIQ1+rGvYx0vOgVTgfZeNtc6IR5GQJnTph1N0gt91KDby1YPIEN7DJmTlOS3CsBaiU3aMZKy+VR9smiqYCIS9nRD61H20Ot3Ca8SluYbRs3LnXDx09wEMAbxAPRILwIL4KH/NLxsuGXGsXuGEpHXdqw3uBRpCmQwG09jhvr1iOfqYZ7GhXj0TTBROvOYQARAQAB",
                            "gravatar_id": "",
                            "id": "37868172",
                            "location": "",
                            "login": "matthewcullum-gds",
                            "name": "",
                            "public_gists": "0",
                            "public_repos": "1",
                            "site_admin": "false",
                            "ssh_keys.#": "2",
                            "ssh_keys.0": "ssh-rsa AAAAB3NzaC1yc2EAAAADAQABAAABAQC3M+ZIo+u/zVY0ahYNYTiUo5PX+IB+2fSKXMSH/n8ujbejHsjZ6zEDDRsAv24znP3D7wAgLdvNwWAp1we4KPMjav+VRwcxiPUrJ5B2yPuVT8tLXRABklEC3ibh8KHyU0S+AiQTiGqBmBTuy3rr4OvysHe2dDjrQYhxFNCRQsH5nHmItGwojZrxoETIbNkVachg/XAgP5UP1ycTGvTX5I4cUziZsxvIDtTGG/Htui0KXtaVOAv06mqzXhXCSX2SU5XaoQX4qd4hIr3HcZNMC9kZ0YCqz3EBkzg5Tyygsw5eTKzZg2uLCpF5IToWPJ0WXd+ws7aJDx1FmCcMpRIwOKX5",
                            "ssh_keys.1": "ssh-rsa AAAAB3NzaC1yc2EAAAADAQABAAACAQC27LQa2xhYlAy9a7hnvB3Fa5i8aYV3YoKuhQehuRaLhsA2DLT5dpC1xpAXMVnRuPkgrkgauG+bi5plkuvtiM112a142EOWETot+VHWJthbATw+oWc354amYzrEb3BnW1mbO60ZivoRZ7Gx6vwKv33SQoMa+vCWZ6iXOMs7o4bgWJjQtvb3vdasUzePBgL0cQvp6YBpG11TJlgsq1IIs7K6VeOMTtk8TEA0f/RhyG/xIHaRtT6RIvWICgdkttHQavJds25plLHlXGRF1YYyHGospgRdSgqhhBVRqKYY7kfILSqfR7IjUh9mh44V2P7d1WdRSW1f36YgKn3kLiGWI4DQs9ZnDI78FEUGf7ZwbHPeeKpxHj6ndM1Njl7HJU7+LJ+kL6eI1FVfH2FTB1uACRd4t+4VV+D5ypSa1KE1s/TtqCGoLymw5DBIVgRvzqiLnUcbJTSpP3MCp2dPBfyx3bJw9YzR4y/YCYFEWA9u5v1U8LJK8fO+tk6rgvFtLtlehXMEYzTOXLZGkcudnt7tIhxlSWPmHhDkQdYuni5xLChb3Ee/x6JQTeLIPYTiES2sH5FeAzkckecqONlEJMqh/3vJHLGai+NmFklkG84Ifz5d3OCQ9kvHd7ywxGq0B4wSgWbPmYa6iCsYdY9DhAZ5jurUkVkU3I8uGhdY0nfLd64S+w==",
                            "username": "matthewcullum-gds"
                        },
                        "meta": {},
                        "tainted": false
                    },
                    "deposed": [],
                    "provider": "provider.github"
                },
                "github_membership.org_membership": {
                    "type": "github_membership",
                    "depends_on": [],
                    "primary": {
                        "id": "alphagov:matthewcullum-gds",
                        "attributes": {
                            "etag": "W/\"79b6fa8b107610f8a68ce8625dfc874a\"",
                            "id": "alphagov:matthewcullum-gds",
                            "role": "member",
                            "username": "matthewcullum-gds"
                        },
                        "meta": {},
                        "tainted": false
                    },
                    "deposed": [],
                    "provider": "provider.github"
                },
                "github_team_membership.team_membership.0": {
                    "type": "github_team_membership",
                    "depends_on": [],
                    "primary": {
                        "id": "2826127:matthewcullum-gds",
                        "attributes": {
                            "etag": "W/\"d967e51037caa8e64a8f96e486114671\"",
                            "id": "2826127:matthewcullum-gds",
                            "role": "member",
                            "team_id": "2826127",
                            "username": "matthewcullum-gds"
                        },
                        "meta": {},
                        "tainted": false
                    },
                    "deposed": [],
                    "provider": "provider.github"
                },
                "github_team_membership.team_membership.1": {
                    "type": "github_team_membership",
                    "depends_on": [],
                    "primary": {
                        "id": "2826126:matthewcullum-gds",
                        "attributes": {
                            "etag": "W/\"56a7b6e42b2c0b38de0478ac61cd5f3a\"",
                            "id": "2826126:matthewcullum-gds",
                            "role": "member",
                            "team_id": "2826126",
                            "username": "matthewcullum-gds"
                        },
                        "meta": {},
                        "tainted": false
                    },
                    "deposed": [],
                    "provider": "provider.github"
                },
                "github_team_membership.team_membership.2": {
                    "type": "github_team_membership",
                    "depends_on": [],
                    "primary": {
                        "id": "2826120:matthewcullum-gds",
                        "attributes": {
                            "etag": "W/\"034b4cccd564d8de766eea90cee362d4\"",
                            "id": "2826120:matthewcullum-gds",
                            "role": "member",
                            "team_id": "2826120",
                            "username": "matthewcullum-gds"
                        },
                        "meta": {},
                        "tainted": false
                    },
                    "deposed": [],
                    "provider": "provider.github"
                },
                "github_team_membership.team_membership.3": {
                    "type": "github_team_membership",
                    "depends_on": [],
                    "primary": {
                        "id": "2826125:matthewcullum-gds",
                        "attributes": {
                            "etag": "W/\"68435b0732b14ed06a4beb279e5b5f50\"",
                            "id": "2826125:matthewcullum-gds",
                            "role": "member",
                            "team_id": "2826125",
                            "username": "matthewcullum-gds"
                        },
                        "meta": {},
                        "tainted": false
                    },
                    "deposed": [],
                    "provider": "provider.github"
                },
                "github_team_membership.team_membership.4": {
                    "type": "github_team_membership",
                    "depends_on": [],
                    "primary": {
                        "id": "2915524:matthewcullum-gds",
                        "attributes": {
                            "etag": "W/\"243f22e7435a4474cf37d812c173924b\"",
                            "id": "2915524:matthewcullum-gds",
                            "role": "member",
                            "team_id": "2915524",
                            "username": "matthewcullum-gds"
                        },
                        "meta": {},
                        "tainted": false
                    },
                    "deposed": [],
                    "provider": "provider.github"
                }
            },
            "depends_on": []
        },
        {
            "path": [
                "root",
                "user_mikieet"
            ],
            "outputs": {},
            "resources": {
                "data.github_user.user": {
                    "type": "github_user",
                    "depends_on": [],
                    "primary": {
                        "id": "5113818",
                        "attributes": {
                            "avatar_url": "https://avatars0.githubusercontent.com/u/5113818?v=4",
                            "bio": "",
                            "blog": "",
                            "company": "",
                            "email": "",
                            "followers": "0",
                            "following": "0",
                            "gpg_keys.#": "0",
                            "gravatar_id": "",
                            "id": "5113818",
                            "location": "",
                            "login": "mikieet",
                            "name": "Michael Thomas",
                            "public_gists": "0",
                            "public_repos": "21",
                            "site_admin": "false",
                            "ssh_keys.#": "2",
                            "ssh_keys.0": "ssh-rsa AAAAB3NzaC1yc2EAAAADAQABAAACAQC/q1hFn1zm6JC5NwwUPjCg2jVN2UqL8Gtyc7gFtoyRSBvBuh0nt5B9lq21MjRhvIscwWCOp3tlPf+FojJjL9OWr3+hn9s97GXfX1VVET8TEMxhDk59X7nWksuBGDty8OdP3Q2cRgdYTpLVZILhqVKRXOb1GahRYMiw/1WaKLqHeaNcfYIuz0GLFRA+o4MBtjc5Jy4sSi7w0LfMEbnEdPAR7vvLR3BUuYGtihDCagR2hd6W9TtuG3Nb7vWEojuNIIssp176ojMiGkATZ+fY91gsJok61LW+e2oLvWP4MaihA5nw5prQXJtgtgWCcQ1f4LDSOlv9zIay+H18xk7tfIOfyVxC8Kb00ldZ3t0lwV6bF6eitlwn40F05/54Gn1YkxBe5H1pnhHgpCsiGwhJzrGAiJazgENgFZN/wEk7ITRz51VuYzdzwcaZg6mwcDbf0nNS0B1p5rPXCTQCkyihDTqIxcSSPx2a78xBwD6DJbEGgG+Pyfe+pIOe/5JEMvy9QABo9FRsKweQ118ZbPclGELiRFuv8kRr6BWU6ye9cCsl6i/7AlXEmwOIvvZFFx6wDUYuas8GwzTKBFk0i0d9uQN5xtSVqyqa7FyWEBnLzU1aZWcNcLj+b9wNwHRhWnoZJdJ1eISWnNaKY/AG+CUDwIWTcc4ygsebRWd064JvVErIPQ==",
                            "ssh_keys.1": "ssh-rsa AAAAB3NzaC1yc2EAAAADAQABAAACAQDVHjywHqozX6offnI4QDcB9xvCka90xKMltuabMAdlqTlAO4YsnvDG/58/5W9J03/GE256PjdvtSwUObKqtvlw814tk9e5G3QJgH+Al8ZP+rN5yBGguUXgNLPZtK2RcPoPBOYyO///ph7ID2kt3GCK92EiFOBGRGPB5KuiXBomvlJARf64kxkIH8kJVXjknCGQo54IOL9e4rXmlKZuGQ6+tCnUBnp9IFzkxPgo50Qv/wmLbhAh6n3CsKO4uugyuIiYIrrjlqSREp9KBZs3AAB6P0FD3Ee4avc8SKANNNBmDJ82v9cn6KMBXHZDz0qdskXUZmbN9f3VyY7XpqK0No0rSbv5ovLpBMTzFVXyMAQJxoEZ3oMrHbHwc+2nz/5CR756qvwq4qbD6cNbpbRgNWYGS0hOUC+AXgfdrVoqM8zxV1Ax2oyuC28C7+AP/ox1W9eDl2QPS3IarqDmPJiWutjD5x3LoI4F8M2HCPIAHpPjmNBnabeUMPJqY9h/4dYG7za7u1axyJhLVkbRDCNffTQrv0SPqBL4xDfT1j5ZC00gGvRZhBf32oA7O+RbYMsIrdCGzt5HfVqjLs4QpRkRwQuDIrweEsznAUgVrTsf0WbFIsCqR4kuPgz9o29PmGG+9GjZRDV3G8fe8zsAWpxcPdsZeKiZh40ansvGxNv/7CZYWw==",
                            "username": "mikieet"
                        },
                        "meta": {},
                        "tainted": false
                    },
                    "deposed": [],
                    "provider": "provider.github"
                },
                "github_membership.org_membership": {
                    "type": "github_membership",
                    "depends_on": [],
                    "primary": {
                        "id": "alphagov:mikieet",
                        "attributes": {
                            "etag": "W/\"e08f6127a9453a6dca3bc50ccf101c3b\"",
                            "id": "alphagov:mikieet",
                            "role": "member",
                            "username": "mikieet"
                        },
                        "meta": {},
                        "tainted": false
                    },
                    "deposed": [],
                    "provider": "provider.github"
                },
                "github_team_membership.team_membership.0": {
                    "type": "github_team_membership",
                    "depends_on": [],
                    "primary": {
                        "id": "2826122:mikieet",
                        "attributes": {
                            "etag": "W/\"afaa1df44c4d08a4522b05c36bc5995a\"",
                            "id": "2826122:mikieet",
                            "role": "member",
                            "team_id": "2826122",
                            "username": "mikieet"
                        },
                        "meta": {},
                        "tainted": false
                    },
                    "deposed": [],
                    "provider": "provider.github"
                },
                "github_team_membership.team_membership.1": {
                    "type": "github_team_membership",
                    "depends_on": [],
                    "primary": {
                        "id": "2826123:mikieet",
                        "attributes": {
                            "etag": "W/\"e8dbc8b228ba83ef7e3cc2220aa54834\"",
                            "id": "2826123:mikieet",
                            "role": "member",
                            "team_id": "2826123",
                            "username": "mikieet"
                        },
                        "meta": {},
                        "tainted": false
                    },
                    "deposed": [],
                    "provider": "provider.github"
                },
                "github_team_membership.team_membership.2": {
                    "type": "github_team_membership",
                    "depends_on": [],
                    "primary": {
                        "id": "2826125:mikieet",
                        "attributes": {
                            "etag": "W/\"342c9d43752e5d63326f662658861703\"",
                            "id": "2826125:mikieet",
                            "role": "member",
                            "team_id": "2826125",
                            "username": "mikieet"
                        },
                        "meta": {},
                        "tainted": false
                    },
                    "deposed": [],
                    "provider": "provider.github"
                },
                "github_team_membership.team_membership.3": {
                    "type": "github_team_membership",
                    "depends_on": [],
                    "primary": {
                        "id": "2915524:mikieet",
                        "attributes": {
                            "etag": "W/\"5e19128f85b9e99340099168955fc9be\"",
                            "id": "2915524:mikieet",
                            "role": "member",
                            "team_id": "2915524",
                            "username": "mikieet"
                        },
                        "meta": {},
                        "tainted": false
                    },
                    "deposed": [],
                    "provider": "provider.github"
                }
            },
            "depends_on": []
        },
        {
            "path": [
                "root",
                "user_minhngocd"
            ],
            "outputs": {},
            "resources": {
                "data.github_user.user": {
                    "type": "github_user",
                    "depends_on": [],
                    "primary": {
                        "id": "568730",
                        "attributes": {
                            "avatar_url": "https://avatars0.githubusercontent.com/u/568730?v=4",
                            "bio": "",
                            "blog": "",
                            "company": "ThoughtWorks Inc",
                            "email": "mndang@thoughtworks.com",
                            "followers": "7",
                            "following": "4",
                            "gpg_keys.#": "0",
                            "gravatar_id": "",
                            "id": "568730",
                            "location": "UK",
                            "login": "minhngocd",
                            "name": "Minno",
                            "public_gists": "1",
                            "public_repos": "3",
                            "site_admin": "false",
                            "ssh_keys.#": "1",
                            "ssh_keys.0": "ssh-rsa AAAAB3NzaC1yc2EAAAADAQABAAABAQDI6R25NwLtI5Bu83A1/JkUewf5WiymOiGPTJKyakm955nG+Z/A2t0slK3VxbL4g7OYOT+J7Fo28uspwkmEQQtopt2ifOwcYX6FYzjaOSMR6+a09/cQZQ+lFfjKyfbo1rQk+jdHa40iRIAzxlHBXJ+2CX5+k6dsNhFntjgvGdBE8LVXRgB9OtuLdACfTBOq8y5Au5PNcTk9mFZwii0nwa5bbYh/SZjpzZAuZpnQsMPR4uVlDBysNFSEaAfq1wKxBOfS/m8OcM0FjibiopFDXbsKbud3ThC4GXfKe+Xu+K87FkDdJshB2AnZaKSk77wF0UUm3u02LpP3SYAC08eqJ1kl",
                            "username": "minhngocd"
                        },
                        "meta": {},
                        "tainted": false
                    },
                    "deposed": [],
                    "provider": "provider.github"
                },
                "github_membership.org_membership": {
                    "type": "github_membership",
                    "depends_on": [],
                    "primary": {
                        "id": "alphagov:minhngocd",
                        "attributes": {
                            "etag": "W/\"8f9d27db625f72528d2259c86e3923ae\"",
                            "id": "alphagov:minhngocd",
                            "role": "member",
                            "username": "minhngocd"
                        },
                        "meta": {},
                        "tainted": false
                    },
                    "deposed": [],
                    "provider": "provider.github"
                },
                "github_team_membership.team_membership.0": {
                    "type": "github_team_membership",
                    "depends_on": [],
                    "primary": {
                        "id": "2826122:minhngocd",
                        "attributes": {
                            "etag": "W/\"9857180106050900584f102ab44f76f4\"",
                            "id": "2826122:minhngocd",
                            "role": "member",
                            "team_id": "2826122",
                            "username": "minhngocd"
                        },
                        "meta": {},
                        "tainted": false
                    },
                    "deposed": [],
                    "provider": "provider.github"
                },
                "github_team_membership.team_membership.1": {
                    "type": "github_team_membership",
                    "depends_on": [],
                    "primary": {
                        "id": "2826121:minhngocd",
                        "attributes": {
                            "etag": "W/\"f096356474e05cf667ad3700d98cdf13\"",
                            "id": "2826121:minhngocd",
                            "role": "member",
                            "team_id": "2826121",
                            "username": "minhngocd"
                        },
                        "meta": {},
                        "tainted": false
                    },
                    "deposed": [],
                    "provider": "provider.github"
                },
                "github_team_membership.team_membership.2": {
                    "type": "github_team_membership",
                    "depends_on": [],
                    "primary": {
                        "id": "2826120:minhngocd",
                        "attributes": {
                            "etag": "W/\"7051ed764fee3bce2d8cd29dc9d65752\"",
                            "id": "2826120:minhngocd",
                            "role": "member",
                            "team_id": "2826120",
                            "username": "minhngocd"
                        },
                        "meta": {},
                        "tainted": false
                    },
                    "deposed": [],
                    "provider": "provider.github"
                },
                "github_team_membership.team_membership.3": {
                    "type": "github_team_membership",
                    "depends_on": [],
                    "primary": {
                        "id": "2826126:minhngocd",
                        "attributes": {
                            "etag": "W/\"54c35b317687b55f338bea171b4a6140\"",
                            "id": "2826126:minhngocd",
                            "role": "member",
                            "team_id": "2826126",
                            "username": "minhngocd"
                        },
                        "meta": {},
                        "tainted": false
                    },
                    "deposed": [],
                    "provider": "provider.github"
                },
                "github_team_membership.team_membership.4": {
                    "type": "github_team_membership",
                    "depends_on": [],
                    "primary": {
                        "id": "2826123:minhngocd",
                        "attributes": {
                            "etag": "W/\"90dd0aaa8a1f3e8b69853ae1dd81154c\"",
                            "id": "2826123:minhngocd",
                            "role": "member",
                            "team_id": "2826123",
                            "username": "minhngocd"
                        },
                        "meta": {},
                        "tainted": false
                    },
                    "deposed": [],
                    "provider": "provider.github"
                },
                "github_team_membership.team_membership.5": {
                    "type": "github_team_membership",
                    "depends_on": [],
                    "primary": {
                        "id": "2826125:minhngocd",
                        "attributes": {
                            "etag": "W/\"b0c247d91829f27b8e34ca1b5639ff28\"",
                            "id": "2826125:minhngocd",
                            "role": "member",
                            "team_id": "2826125",
                            "username": "minhngocd"
                        },
                        "meta": {},
                        "tainted": false
                    },
                    "deposed": [],
                    "provider": "provider.github"
                },
                "github_team_membership.team_membership.6": {
                    "type": "github_team_membership",
                    "depends_on": [],
                    "primary": {
                        "id": "2915524:minhngocd",
                        "attributes": {
                            "etag": "W/\"c04ae392d16cadf0f1ce0adf5839eef4\"",
                            "id": "2915524:minhngocd",
                            "role": "member",
                            "team_id": "2915524",
                            "username": "minhngocd"
                        },
                        "meta": {},
                        "tainted": false
                    },
                    "deposed": [],
                    "provider": "provider.github"
                }
            },
            "depends_on": []
        },
        {
            "path": [
                "root",
                "user_mmhmm"
            ],
            "outputs": {},
            "resources": {
                "data.github_user.user": {
                    "type": "github_user",
                    "depends_on": [],
                    "primary": {
                        "id": "961422",
                        "attributes": {
                            "avatar_url": "https://avatars1.githubusercontent.com/u/961422?v=4",
                            "bio": "",
                            "blog": "",
                            "company": "",
                            "email": "",
                            "followers": "6",
                            "following": "0",
                            "gpg_keys.#": "1",
                            "gpg_keys.0": "xsFNBFfqanMBEADh1uY0x0l+HzeyPr2y43gNUsvf1uU28vYu702+V7+JeyAnU+vBkEFHxzB5K43IP1FDrCAQdG2Y3ELoJ4ZFohppFl3fDgg5TBMx6MNQi8OzXfyNEb8yn/FkLXCZbhTOOKV0kfGa7/fHYDkNzgMAuWG8oV4sEdYlBv6zqvOMLSz3Wsx3/HRiLs8ukrrIPDcjD0y3axCepaecg6PARsJwzzVeyUTSZbGTKom8XuMiqbnpG3JR4tsvE+pQgrLYScu1AI/P49biOceldvfVaHXFYsq6gKsUTAcNqYtZ5R5BxDtl518Oiio0R3FLmZLys1dYU89nBJitMTMd3mjipHlB0KDg2c0O/BUBZmM/GBW37SdOfo3OgpUMCEci6TSK/muUgZFGznNhcbuJo1wg9VYTGyLGTpI2O9+tTBT39wJLFSxNugMAvNU6Y2xQIzqIRTm79l+GyXSt9XKGWHk8Wd1UOEhGImwSD/9bEc/jC0BbPnGbF41X+Vg4ydRDJ4CSEFpMgvaAj2qpMU7JGDv2le1YZBythGVn3NJYcGTe0G6vtOx6Qn85qP4yN2YRXwDFu67cxleJOBc2sx57Iln/FAS9tbVUf/ck+aATklWlm7WJdEMDZBDat50wm6vUupg2XplJb1qsnMOM5e6ZHLCPY4iCGeQsXdJma3Aw9r05QeHqkxbJIwARAQAB",
                            "gravatar_id": "",
                            "id": "961422",
                            "location": "",
                            "login": "mmhmm",
                            "name": "",
                            "public_gists": "1",
                            "public_repos": "5",
                            "site_admin": "false",
                            "ssh_keys.#": "1",
                            "ssh_keys.0": "ssh-rsa AAAAB3NzaC1yc2EAAAADAQABAAACAQDozlcEWGrHNLgSzpAs6AAQBHMm8Bpr5NaxFWbQylrDJ+QWBRrWCOhic1mEuhDEC/m40EkbOU36FYqXBNE/F7U96XUvRpTLChgaRlukXFw9V0XT087EDVSPguOzauXFkK+JDsCup4A6kfFnoZM2HXdsIyz/BVOQaiHSYj+o5xAMYn+iSDWi3wN4JirbGNwFAWmm5NyJ2xXs3+Xw0lzNeU412ASB+FhXZ/n9knqWznrloViBGNAvJyGsAOJLGLMfPCUN1wT0HyBMYrFa9E8VvNmezJULJPQKieqjbsW8PpIjfsgvus7LgP25ZY+KaLDOQsoCgEMMebKJjJwYW0EZs7LDt+vPkCv8Hg2050Ni3I/+FAOpg+X6G9+RErqb4RDCPxWRp60RXE5Jp6xiq1Z39KzoOUCczCSyScuUxATpv3d0aOOMUvLz/jjkLZrDYTENtcbba5X+3Gcxdq9kFRdsxzt5v2xUFwKySqm98qPD4YdJybv6j3un9qIgzyOBmjtxFRc1bleA1+RV4mlvt2xWni/a6tPwWCXT6/QgWbJ9mY8iHNLgGzC5WmfqtKb5nfd6UDGauIuDx0lwcXaM7Rbq6B4AlEx+m3P2Vv2xaM4E0wCIBiq1A3BCHRQ4ATdTLTGEUDhRJ1vP8L6pTzE1BpyscOf4J1+p+wiQ8xQdhDAFT5K6aw==",
                            "username": "mmhmm"
                        },
                        "meta": {},
                        "tainted": false
                    },
                    "deposed": [],
                    "provider": "provider.github"
                },
                "github_membership.org_membership": {
                    "type": "github_membership",
                    "depends_on": [],
                    "primary": {
                        "id": "alphagov:mmhmm",
                        "attributes": {
                            "etag": "W/\"9a34c1f59f05a0582131b87e8265b7e1\"",
                            "id": "alphagov:mmhmm",
                            "role": "member",
                            "username": "mmhmm"
                        },
                        "meta": {},
                        "tainted": false
                    },
                    "deposed": [],
                    "provider": "provider.github"
                },
                "github_team_membership.team_membership.0": {
                    "type": "github_team_membership",
                    "depends_on": [],
                    "primary": {
                        "id": "2826127:mmhmm",
                        "attributes": {
                            "etag": "W/\"e7d24a00f20981304e8168f0399d2484\"",
                            "id": "2826127:mmhmm",
                            "role": "member",
                            "team_id": "2826127",
                            "username": "mmhmm"
                        },
                        "meta": {},
                        "tainted": false
                    },
                    "deposed": [],
                    "provider": "provider.github"
                },
                "github_team_membership.team_membership.1": {
                    "type": "github_team_membership",
                    "depends_on": [],
                    "primary": {
                        "id": "2826126:mmhmm",
                        "attributes": {
                            "etag": "W/\"1514c60c04cd01add0b6d1c65461182d\"",
                            "id": "2826126:mmhmm",
                            "role": "member",
                            "team_id": "2826126",
                            "username": "mmhmm"
                        },
                        "meta": {},
                        "tainted": false
                    },
                    "deposed": [],
                    "provider": "provider.github"
                },
                "github_team_membership.team_membership.2": {
                    "type": "github_team_membership",
                    "depends_on": [],
                    "primary": {
                        "id": "2826120:mmhmm",
                        "attributes": {
                            "etag": "W/\"b4938c4421b81ec6c50a3eccbf86a8f6\"",
                            "id": "2826120:mmhmm",
                            "role": "member",
                            "team_id": "2826120",
                            "username": "mmhmm"
                        },
                        "meta": {},
                        "tainted": false
                    },
                    "deposed": [],
                    "provider": "provider.github"
                },
                "github_team_membership.team_membership.3": {
                    "type": "github_team_membership",
                    "depends_on": [],
                    "primary": {
                        "id": "2826125:mmhmm",
                        "attributes": {
                            "etag": "W/\"c3243e5fd8ded89f38b57303d15967d3\"",
                            "id": "2826125:mmhmm",
                            "role": "member",
                            "team_id": "2826125",
                            "username": "mmhmm"
                        },
                        "meta": {},
                        "tainted": false
                    },
                    "deposed": [],
                    "provider": "provider.github"
                },
                "github_team_membership.team_membership.4": {
                    "type": "github_team_membership",
                    "depends_on": [],
                    "primary": {
                        "id": "2915524:mmhmm",
                        "attributes": {
                            "etag": "W/\"6d9afbb47cd444b6bd54689de84940e4\"",
                            "id": "2915524:mmhmm",
                            "role": "member",
                            "team_id": "2915524",
                            "username": "mmhmm"
                        },
                        "meta": {},
                        "tainted": false
                    },
                    "deposed": [],
                    "provider": "provider.github"
                }
            },
            "depends_on": []
        },
        {
            "path": [
                "root",
                "user_nacnudus"
            ],
            "outputs": {},
            "resources": {
                "data.github_user.user": {
                    "type": "github_user",
                    "depends_on": [],
                    "primary": {
                        "id": "3522552",
                        "attributes": {
                            "avatar_url": "https://avatars1.githubusercontent.com/u/3522552?v=4",
                            "bio": "",
                            "blog": "https://www.linkedin.com/in/duncangarmonsway/",
                            "company": "Government Data Service @openregister",
                            "email": "nacnudus@gmail.com",
                            "followers": "36",
                            "following": "3",
                            "gpg_keys.#": "1",
                            "gpg_keys.0": "xsBNBFoyrZkBCACYWhz2kIN0EREUXz2raUyKtV1FXZrqGW7C8uBbm9W7GNM33Lh4vB1Xl9bGTfc8BFLdVzHJJfO2Q+rm0XU20TWb6Fc9WC/3LpConhq93kyFqOqY+NjG4R4qasBpGp+ZWq8incfUxs2VCyJWsOBreVeKRepNBnG9nMiBdFjIrTMhHfYWeOqcM0SoqIm4aycgk9Iqd3OwSLB/VQbqnaKVAle/VxDKYUuLjk89cuPlj2BIMlOGGGeMrCjRZL7uLxxzwEfgtu4nmiua8GYnpWo8H8PDUXtzXQ/wae5AdnOSrZkN8rgw/X+RdvQabz4dw2NZOni5qqex4n9rxThw5kR7ZcvRABEBAAE=",
                            "gravatar_id": "",
                            "id": "3522552",
                            "location": "London",
                            "login": "nacnudus",
                            "name": "Duncan Garmonsway",
                            "public_gists": "12",
                            "public_repos": "70",
                            "site_admin": "false",
                            "ssh_keys.#": "3",
                            "ssh_keys.0": "ssh-rsa AAAAB3NzaC1yc2EAAAADAQABAAACAQCZf8w1KHml/N4u7r9zKeFXSyCpDCKE7jvkUWq0WXYzvTknGno+PGWloS9ecKM9gSjWuYNXh8RxgCJyrji6ywXgMHt+VBkNBF+uAMiYM7l5mjOSRMMP/tprccrgptqzlB151wTnQge1YMH9tjInPY4ySZ4O0/QHsf7dSPuHngknMr7Dk9P93dtePOe20j75zUkDq94dku4COfi00z6UR3Mv4BzryBymrKcj4SISSYys5+NEDPBe3Ha2K2rI35TAiyLNHqI3nKEEFSDs3v/qAhqDZuxU8cpIzZJjjFzV88OR/jeW1NXbS+0elm5ssvrfvhW6spRkusgxgjZQ4JPMaAOhUllyG2kRb4p+cLUkywF4PEtwC5wrQtdTecDaKxPJ+YiX7bFqFtrcePSgYr9vyfdK897trwv/pa5zHFblhCa/gHjjbxBcBO+0J5AWJWjCgeMnqanNEz60sPJLbjvAqESlz/gq8ZBj2a2OQhCB4rwSwHRD11IQkfyPNozojEx6qmhYUnA1euYjif8rw/8sEKsVjCk82tmmz6csftyviZwtIUh0tEMZeejfN3vmhEJcRlZTyxyByJcTtoqixkjQ0RuVh8TRAAOWaHWCh007AUNhEYO54dhRdb4WmvwlutM2laCDFYech0XnrXFTT1HkauuVPl70OW4xnN/u09SZeNr2Nw==",
                            "ssh_keys.1": "ssh-rsa AAAAB3NzaC1yc2EAAAADAQABAAACAQDPCBD1lMckF5EmWevpN3/5+LtLnqjLhK4Bjisv8U10H2BlqVBPCu0lYwmFiLua4qg/GoZjgfatSvItW0RthVOPKE6lCsJ0TwoaNlL5xnDvU/oXhV+As3t65hKl2GqvY6+4G62Al81P/0BNkPmpVHlvn8+90MQQgDOjZn8MsxI7lQkdj3MIrjuCgDE8tPHVuB4TIFflKL+hfMXfpM9TNJARU4T+edSCuFylPgopcV/NocSISamN03jyieye5C1i+bNYtew+Ca5epWExrE3a2mzEdmLqWA6/4AIeAVcWzitVFYfCU9QdQNzh3gCpOkCQV6EqD6iq3CspLZ2Y71UTyTuDMRCaKjqrTzZGoVraKF2GAfaXTl98EbGDtgaJZVjRwwdZd2bSd0BIiuEZdj0xejPVuVvxceXARqTCtLMbe5cdQwygkK3z1q6ATwhubvM4Dcrys2AVVKuIOYTj/wKJdpGTsHxfaVvRx+rw4/lvO9+Nk/a09GINVZany2w7O22HlyRGeuyMTSzf8dn2rmVL0nzCaIwVlMqxOIOskLb8JzaxLJWVOq6WYwHgCOdibMkaRbu+6ABLUVqDItIW1mMT1moDOKBD7btLiY06RoHn/HEV+tZodRN0A+yBUnVTgubKmyyAPE1TlyNPksR7QKpwWzl6RUpwL4nKMBklsBBtDHljYw==",
                            "ssh_keys.2": "ssh-rsa AAAAB3NzaC1yc2EAAAADAQABAAACAQDB7TLCiAFVgL6dR4jHWdgfHaFJBLVX3X33lRIdP1btbaOiVmf8qKWWGWo8jC2hjkH+CIQJgSOusIPmM7xp0yYkWRl/NvLq4xxu4IIIcl5wrqennL7mS5KeURpVaz1mZ3oV1wjtWLGzNxqxQEc21dicbTlDIepondxi5pQmkHzmzTKrjtNiFDfVYKDNuYB6Leiy/n1UdQfAhTDJSksL/y5pCzsIww5RtYmrX1DVDjvNqnG0hxlU1xhn8IeySpLisFVZCJ7/vPddlOkbvYRvgGPOqyp69epRkmYX7f/zS9YQqSQSXYpDIoiXs34REKNuOmniHG/KHzVh1T5U1OcQcxc9FzjlOIaaLr3cV54K1fMLTJy1DYEBUGM7BJo5n77BzfLzVd039xrvwnZX0wp94APpCMIwkKaM+XqsiQgeVFz3q8qETQOb571NXv2/TodITno5dEJMxb9vjxdZRaQ84hzDVxtXVrmmYMpQS+h0Qkp3ovdDSiWbbNv65Mo8x8TKaY5oYAtb/oA7iOSxYzAXzpXKfn8smUUcrAhsc96GdIuB6SeUcI2QA9JIOS5zCn1sXHvfDZQJK/IHjTxuwuGAZabOzonSQPjNMRXDdVSsfxnpBHwS+ekB+064I2AQ9Aaj8RfamC3kfsJRbeTq85+XlFpAU9nJh3w+pUzmXb/Gday3Yw==",
                            "username": "nacnudus"
                        },
                        "meta": {},
                        "tainted": false
                    },
                    "deposed": [],
                    "provider": "provider.github"
                },
                "github_membership.org_membership": {
                    "type": "github_membership",
                    "depends_on": [],
                    "primary": {
                        "id": "alphagov:nacnudus",
                        "attributes": {
                            "etag": "W/\"b741e03c477cf16965815e136ee03d35\"",
                            "id": "alphagov:nacnudus",
                            "role": "member",
                            "username": "nacnudus"
                        },
                        "meta": {},
                        "tainted": false
                    },
                    "deposed": [],
                    "provider": "provider.github"
                },
                "github_team_membership.team_membership.0": {
                    "type": "github_team_membership",
                    "depends_on": [],
                    "primary": {
                        "id": "2826122:nacnudus",
                        "attributes": {
                            "etag": "W/\"384d9e806a9f9ea4fade9b8c41fbe93a\"",
                            "id": "2826122:nacnudus",
                            "role": "member",
                            "team_id": "2826122",
                            "username": "nacnudus"
                        },
                        "meta": {},
                        "tainted": false
                    },
                    "deposed": [],
                    "provider": "provider.github"
                },
                "github_team_membership.team_membership.1": {
                    "type": "github_team_membership",
                    "depends_on": [],
                    "primary": {
                        "id": "2826123:nacnudus",
                        "attributes": {
                            "etag": "W/\"f5e1f0d8fd73186258cb84708fe3a0a4\"",
                            "id": "2826123:nacnudus",
                            "role": "member",
                            "team_id": "2826123",
                            "username": "nacnudus"
                        },
                        "meta": {},
                        "tainted": false
                    },
                    "deposed": [],
                    "provider": "provider.github"
                },
                "github_team_membership.team_membership.2": {
                    "type": "github_team_membership",
                    "depends_on": [],
                    "primary": {
                        "id": "2826125:nacnudus",
                        "attributes": {
                            "etag": "W/\"1b33433d7f2cf908a89f31d63e0d05bd\"",
                            "id": "2826125:nacnudus",
                            "role": "member",
                            "team_id": "2826125",
                            "username": "nacnudus"
                        },
                        "meta": {},
                        "tainted": false
                    },
                    "deposed": [],
                    "provider": "provider.github"
                },
                "github_team_membership.team_membership.3": {
                    "type": "github_team_membership",
                    "depends_on": [],
                    "primary": {
                        "id": "2915524:nacnudus",
                        "attributes": {
                            "etag": "W/\"f22d88cd74b74389dd94251ca7f0871f\"",
                            "id": "2915524:nacnudus",
                            "role": "member",
                            "team_id": "2915524",
                            "username": "nacnudus"
                        },
                        "meta": {},
                        "tainted": false
                    },
                    "deposed": [],
                    "provider": "provider.github"
                }
            },
            "depends_on": []
        },
        {
            "path": [
                "root",
                "user_phantas"
            ],
            "outputs": {},
            "resources": {
                "data.github_user.user": {
                    "type": "github_user",
                    "depends_on": [],
                    "primary": {
                        "id": "464306",
                        "attributes": {
                            "avatar_url": "https://avatars0.githubusercontent.com/u/464306?v=4",
                            "bio": "",
                            "blog": "",
                            "company": "",
                            "email": "",
                            "followers": "2",
                            "following": "0",
                            "gpg_keys.#": "1",
                            "gpg_keys.0": "xsFNBFs80egBEADkc035ZIqxUadlITmvB15CxfTr2bDuRjGe8KLtuTv3x5cD5uvg2wglbmoUBrXNQEo8BCghHVfOCAu5M3EVIH3DSN821CplUbNVSOGOuxpv4TigzR9y1Ge3H2ZNcrmV4BvlFsNACXRQkSRfqOoBsDRkaI9bBfd+2D/b995lAhP+lE3JSMCTk+ckZGfLOTE+YKV5eAI90TU1qOe0vI2cd8MYeSDYYnbgC4ci662KoN7KjPiVioMzta99TYp61fqVZwnb3Fya3EhSsGCcs224FyL41wWfB4fjLgcy/13fYUyBWFqUZtgt8ek3y3C7m9uEhzZSA7biJTAQHTWgHDJvgVv2uZfDD4scBATHMEeTrjLlx6St1EjKMQmx+qe/9YEsDJq2rOGtHXsxapoBcWQ7aACYVofGCOl3TLbyyPgw00Hbnub4LixvBECQTwBHtR/sVRPE5aeXUEGchPuU7JUcIK+eckUNggIvJ0n6cam1HH18JIUtf10S7PfMHZ68kr0Or98DsIavLHoSdIQGyjAo7KSefbZB4RkW2vc3VnQo0Dr6/V5giIzU/+3bvye57Wf/+y3GiMhLgiCI6VLyJ9Vj2nXR3/klYwEmWOy0DnP5Hdm3ocAOM2WSmZwaoFoI4SowOeQbloETlkLd9PIxlc/WL56ygTZwui1WM1ROqBUYzO03bwARAQAB",
                            "gravatar_id": "",
                            "id": "464306",
                            "location": "",
                            "login": "phantas",
                            "name": "Paula Valenca",
                            "public_gists": "0",
                            "public_repos": "1",
                            "site_admin": "false",
                            "ssh_keys.#": "2",
                            "ssh_keys.0": "ssh-rsa AAAAB3NzaC1yc2EAAAADAQABAAACAQC2UqpVmispqNdeXgD1pQPAh5i5t/gj593j2QLbz6KF6/KoZewbrlae47Y6Il8SyuRQwI4yRsYRYvO2bMMpkNRwfdEkuLFvxNCYSoiRxnRJO1jS1DWUHXezLJeegAdu4RxvEiVjvpCrfzQfIRl3I/92TmfELZhffMrzadoPU4FPnk9FNETUK4aXzi1SLFe/wMdMONZIa6stfOu3TParsQnc5BgmzZSAN2424KvfkC8EIXdkqirFvHhTRF+HBgs7+lus8oe3vpOxlsHNh5ka+KMIu7iWzFNjxc0BhQKNjBxWGqQAjz8+h9rBaNtUsZJfjUql80VPRK0okReF+PgqFJKY4z1YY3+2GGWP3ua6ZL7/h5KMbHY4QGeSp8DXFztYXA4UmktO5Xx01A5kqtmwNf2TdEKzkwE2vW089S6PBK9bSBa0062+3isv32ZWfDhTixgc5fJCULvJVdHD4jeDIYS9aW8tONH7oXIv7DK951WSbT4xInJVexDh9uqYhW3fcLn9B4u5dV3y6zqEaMtgCOaSQ8UwcovESKwWZT3rbBjTdnkIM1pUdtt4wqPp0QE2eE3VDOadx3P8DNnMwXAkzlVWo0QR5iQEd968sJhrh9F4maTLrYP1tPGWoAjJTIr0ZC5oDhEQU37IYQb7luUSA/5Sg4JmCaYvpeSCJsznQJc4qw==",
                            "ssh_keys.1": "ssh-rsa AAAAB3NzaC1yc2EAAAADAQABAAABAQCkDcLgRcY9Q5/BfYAUZwvEJFz2VdF3EXW3DtvhL09L3wpJmJAdBN20ULsyz6SsR8+K8i7EdAF4ityMmYhwFppsSgxOAH7zBVGbufdkARFs4yTtj0cKKViPCMiYukCtYlJ689sGGQVn33fyVkWAVnf9CihI8rVfiIqtE00bKwoMGmaTfPohml3GtvTWAvLuLkWYaf6qwgux8HY1CTow9Ce5fey5yyfgKAnTEc0PKGfej3UkB99HrOZdz30E4AbiRY4/DiCk94h1YlxFJ4FzrNOnY/76eV1r+hkRvJTxyJVk5mSRPNdUUukXibseUEWW4I3MlpMrgSXGQmH9WiV2mq/x",
                            "username": "phantas"
                        },
                        "meta": {},
                        "tainted": false
                    },
                    "deposed": [],
                    "provider": "provider.github"
                },
                "github_membership.org_membership": {
                    "type": "github_membership",
                    "depends_on": [],
                    "primary": {
                        "id": "alphagov:phantas",
                        "attributes": {
                            "etag": "W/\"30862275dd9f68bbae5092a59891f023\"",
                            "id": "alphagov:phantas",
                            "role": "member",
                            "username": "phantas"
                        },
                        "meta": {},
                        "tainted": false
                    },
                    "deposed": [],
                    "provider": "provider.github"
                },
                "github_team_membership.team_membership.0": {
                    "type": "github_team_membership",
                    "depends_on": [],
                    "primary": {
                        "id": "2826122:phantas",
                        "attributes": {
                            "etag": "W/\"70fcbc403b7b094a623c843315c0c51e\"",
                            "id": "2826122:phantas",
                            "role": "member",
                            "team_id": "2826122",
                            "username": "phantas"
                        },
                        "meta": {},
                        "tainted": false
                    },
                    "deposed": [],
                    "provider": "provider.github"
                },
                "github_team_membership.team_membership.1": {
                    "type": "github_team_membership",
                    "depends_on": [],
                    "primary": {
                        "id": "2826127:phantas",
                        "attributes": {
                            "etag": "W/\"fc6ca0b13f011bc37a178ebafc83b20b\"",
                            "id": "2826127:phantas",
                            "role": "member",
                            "team_id": "2826127",
                            "username": "phantas"
                        },
                        "meta": {},
                        "tainted": false
                    },
                    "deposed": [],
                    "provider": "provider.github"
                },
                "github_team_membership.team_membership.2": {
                    "type": "github_team_membership",
                    "depends_on": [],
                    "primary": {
                        "id": "2826126:phantas",
                        "attributes": {
                            "etag": "W/\"594baf31a5043b318ff5189b2e94e6f9\"",
                            "id": "2826126:phantas",
                            "role": "member",
                            "team_id": "2826126",
                            "username": "phantas"
                        },
                        "meta": {},
                        "tainted": false
                    },
                    "deposed": [],
                    "provider": "provider.github"
                },
                "github_team_membership.team_membership.3": {
                    "type": "github_team_membership",
                    "depends_on": [],
                    "primary": {
                        "id": "2826123:phantas",
                        "attributes": {
                            "etag": "W/\"616b8f57cbf758ba2882c02431ad12a1\"",
                            "id": "2826123:phantas",
                            "role": "member",
                            "team_id": "2826123",
                            "username": "phantas"
                        },
                        "meta": {},
                        "tainted": false
                    },
                    "deposed": [],
                    "provider": "provider.github"
                },
                "github_team_membership.team_membership.4": {
                    "type": "github_team_membership",
                    "depends_on": [],
                    "primary": {
                        "id": "2826125:phantas",
                        "attributes": {
                            "etag": "W/\"5e52af9698c68d155bcc02ac0f633aa5\"",
                            "id": "2826125:phantas",
                            "role": "member",
                            "team_id": "2826125",
                            "username": "phantas"
                        },
                        "meta": {},
                        "tainted": false
                    },
                    "deposed": [],
                    "provider": "provider.github"
                },
                "github_team_membership.team_membership.5": {
                    "type": "github_team_membership",
                    "depends_on": [],
                    "primary": {
                        "id": "2915520:phantas",
                        "attributes": {
                            "etag": "W/\"a40b3e14e8ddfa5cb2969c7d887960b9\"",
                            "id": "2915520:phantas",
                            "role": "member",
                            "team_id": "2915520",
                            "username": "phantas"
                        },
                        "meta": {},
                        "tainted": false
                    },
                    "deposed": [],
                    "provider": "provider.github"
                },
                "github_team_membership.team_membership.6": {
                    "type": "github_team_membership",
                    "depends_on": [],
                    "primary": {
                        "id": "2915524:phantas",
                        "attributes": {
                            "etag": "W/\"ed49e4de2d7bf3f9d14bf5ec8e7d1533\"",
                            "id": "2915524:phantas",
                            "role": "member",
                            "team_id": "2915524",
                            "username": "phantas"
                        },
                        "meta": {},
                        "tainted": false
                    },
                    "deposed": [],
                    "provider": "provider.github"
                }
            },
            "depends_on": []
        },
        {
            "path": [
                "root",
                "user_racinghippo"
            ],
            "outputs": {},
            "resources": {
                "data.github_user.user": {
                    "type": "github_user",
                    "depends_on": [],
                    "primary": {
                        "id": "17086691",
                        "attributes": {
                            "avatar_url": "https://avatars1.githubusercontent.com/u/17086691?v=4",
                            "bio": "",
                            "blog": "",
                            "company": "GDS",
                            "email": "",
                            "followers": "0",
                            "following": "0",
                            "gpg_keys.#": "0",
                            "gravatar_id": "",
                            "id": "17086691",
                            "location": "London",
                            "login": "RacingHippo",
                            "name": "John Kennard",
                            "public_gists": "0",
                            "public_repos": "1",
                            "site_admin": "false",
                            "ssh_keys.#": "1",
                            "ssh_keys.0": "ssh-rsa AAAAB3NzaC1yc2EAAAADAQABAAACAQCb5dU45hJYFNiCfIQNMW06pA7Blri04/lyG5uFIpYHL2jEj5HJzI6gei4R/DAYNh18Smmia5nT2t28FWc2BgMNWkmBBnfAnulLhGc0lgKsNylrwxuTxbkCO78vG5eNPysj77dMUVswkgFKe8wFv7WYe9TXTzbJji5TSPxbn9h9ZnZWbBNTajmeHl8ifxkMNlqFgt7bZiHoQ5tNlYMBu1vfe6OHXlnDX8n0C0DKRPehzqbwYbJghpqtLdgGEIU8OZ8IAgrweA3/FT9ouuKJtrOlCRPGGILZa6V7IFmmV+p63WXz4yeVIfQEXK4XchiJpDoMNf6Lyg+QUq+6bbM17OJ+tYKXr9EKHVjJotBaUef9siPpOXXsFqb7RP1yuwIgADCAN11/mbQIdUd9B9mPvaYKi4F3Z8YxJixW/h2X/zyjhp7MfNzCwyNdn6oLqSgot3/DwSUsq9JIEj6iLgvNOaJJqc9/BY1L5G8EAquvpgDWx4HjxEpxljNqrl1GjlzeV76y9RIJeTkbod3aG9e2zI52zMnLlcTz0+0wt0ks59/lZgu1srnHrE6lxTPrlC0eSGPYcW7HrQfn6aSqX9OjjneFPVVnorVD3Mfw5PGkj6yDlYFPV9Cjf8wNYA89tm4p4O+ESzZYw5t8Ez6rBEgLgLrPz6X/5OsHD5UYdaGkYbRI6Q==",
                            "username": "RacingHippo"
                        },
                        "meta": {},
                        "tainted": false
                    },
                    "deposed": [],
                    "provider": "provider.github"
                },
                "github_membership.org_membership": {
                    "type": "github_membership",
                    "depends_on": [],
                    "primary": {
                        "id": "alphagov:RacingHippo",
                        "attributes": {
                            "etag": "W/\"6a767d0d90f35f24f170952825c19240\"",
                            "id": "alphagov:RacingHippo",
                            "role": "member",
                            "username": "RacingHippo"
                        },
                        "meta": {},
                        "tainted": false
                    },
                    "deposed": [],
                    "provider": "provider.github"
                },
                "github_team_membership.team_membership.0": {
                    "type": "github_team_membership",
                    "depends_on": [],
                    "primary": {
                        "id": "2826122:RacingHippo",
                        "attributes": {
                            "etag": "W/\"8ad96eb25c4a812f5efe981753f10e3a\"",
                            "id": "2826122:RacingHippo",
                            "role": "member",
                            "team_id": "2826122",
                            "username": "RacingHippo"
                        },
                        "meta": {},
                        "tainted": false
                    },
                    "deposed": [],
                    "provider": "provider.github"
                },
                "github_team_membership.team_membership.1": {
                    "type": "github_team_membership",
                    "depends_on": [],
                    "primary": {
                        "id": "2826127:RacingHippo",
                        "attributes": {
                            "etag": "W/\"74dfa5dfb3801b3f408dd07048156962\"",
                            "id": "2826127:RacingHippo",
                            "role": "member",
                            "team_id": "2826127",
                            "username": "RacingHippo"
                        },
                        "meta": {},
                        "tainted": false
                    },
                    "deposed": [],
                    "provider": "provider.github"
                },
                "github_team_membership.team_membership.2": {
                    "type": "github_team_membership",
                    "depends_on": [],
                    "primary": {
                        "id": "2826126:RacingHippo",
                        "attributes": {
                            "etag": "W/\"a822287ec5b225272df08e02a3d1f43f\"",
                            "id": "2826126:RacingHippo",
                            "role": "member",
                            "team_id": "2826126",
                            "username": "RacingHippo"
                        },
                        "meta": {},
                        "tainted": false
                    },
                    "deposed": [],
                    "provider": "provider.github"
                },
                "github_team_membership.team_membership.3": {
                    "type": "github_team_membership",
                    "depends_on": [],
                    "primary": {
                        "id": "2826123:RacingHippo",
                        "attributes": {
                            "etag": "W/\"103ec36cc337b4f781f4b2d66b91ea83\"",
                            "id": "2826123:RacingHippo",
                            "role": "member",
                            "team_id": "2826123",
                            "username": "RacingHippo"
                        },
                        "meta": {},
                        "tainted": false
                    },
                    "deposed": [],
                    "provider": "provider.github"
                },
                "github_team_membership.team_membership.4": {
                    "type": "github_team_membership",
                    "depends_on": [],
                    "primary": {
                        "id": "2826125:RacingHippo",
                        "attributes": {
                            "etag": "W/\"ea834ff226e65fa66d890c48d0871b17\"",
                            "id": "2826125:RacingHippo",
                            "role": "member",
                            "team_id": "2826125",
                            "username": "RacingHippo"
                        },
                        "meta": {},
                        "tainted": false
                    },
                    "deposed": [],
                    "provider": "provider.github"
                },
                "github_team_membership.team_membership.5": {
                    "type": "github_team_membership",
                    "depends_on": [],
                    "primary": {
                        "id": "2915524:RacingHippo",
                        "attributes": {
                            "etag": "W/\"f50262761dbd146d6afbd0b12e469105\"",
                            "id": "2915524:RacingHippo",
                            "role": "member",
                            "team_id": "2915524",
                            "username": "RacingHippo"
                        },
                        "meta": {},
                        "tainted": false
                    },
                    "deposed": [],
                    "provider": "provider.github"
                }
            },
            "depends_on": []
        },
        {
            "path": [
                "root",
                "user_rhowe_gds"
            ],
            "outputs": {},
            "resources": {
                "data.github_user.user": {
                    "type": "github_user",
                    "depends_on": [],
                    "primary": {
                        "id": "23742767",
                        "attributes": {
                            "avatar_url": "https://avatars1.githubusercontent.com/u/23742767?v=4",
                            "bio": "Look at that red diff. Look at it!",
                            "blog": "",
                            "company": "GDS, Cabinet Office, UK Government",
                            "email": "russell.howe@digital.cabinet-office.gov.uk",
                            "followers": "1",
                            "following": "0",
                            "gpg_keys.#": "2",
                            "gpg_keys.0": "xsFNBFgl+zsBEADTfsdyOQvtrdUyiNlkBNHIMZdl29u7bHbu4YDEfsPLYTbsHeWZHu/F57f9uK+tjXWqrf8Aw6PMUQ4cwKAwICmj31yiGikmL4HIXgSaWllubjWFlXINV6UzCSNxJMToPlXgeuAKTgy3yizlbGK0d/HWxQU1xMNGlgm5M5kjdatywcrvHpcAE2k/5i9PdMerzdQwB/YBpciOLTx/aAKkzROI80ZNEBBJEjjugL72uEhzoCPNtdXZ+ubUBQFvRR3rakLPX3m4IN4Q86hclemUyiEHdvlzprrCUD3f9Hro4eqXmZ2jQ/H8KsU0n9cVlRMqcaxpRrLH2dtRrI+gZNS7EsS+/SMtxb88da2dyy4DI1CL8V1UzEnmZ9mE6KvJEg0mC3DlxAp75IAUjXxNmlIaysfQ0aZKPgCX/xaoYuNsMpNIi0HC1WV/55ge2g5boktEk6TKiBfF/oh4iXdgho2+lD5NlV9d0F/AHCIlQWqLLSldm47OSURggsjLBqiiplK1LEGMSelDavgmnR2gFZyd1VSX0sJfKPXureMv9GioGvxPWWwX0V8goayS2jkwxITzrBD1CaGtqqMnPWSIqwRHzsrCI8W/1k48YrJGJdt6PvNH9KxRosRGsIatn7yNT1w5UyG4xa4fi82chAldVgdMAup40jKGX/n7SITJSNWiavsh2QARAQAB",
                            "gpg_keys.1": "xsFNBFt2zPQBEAC7Ps0AFvjmuk9arSIncjX02Q2CUlQquvNHLABxdZQgc97Ja/9x0dECWgBP0f7tA7zonzX8JQi3B5hvSmcSb+TKSSrp6WmduEY1Cz+/pUmBD2eDAZ02u4zXHMHR3TaR8GrSCI171//1qRz49/NzrVM7C1TBXnGCI3aPpEDgK6gbPwTFtKweVj+i2Xgyaq8Xed6G+P0HeL92BJbKeFtytNJpHPOXY3fPnyflVOmnU4FK6Aeo2dpitDn+qoVpQQVVLRiZlBXN7YEdDlda0evfmd9eX8zsCMeYTvd0tfXfTLPovxEy9DN3+AZ4DdkdMOJ/gAU9wjdP5MsqW35jzdBi4oYaYpDZSY18Xn4E+e1x0RZp8PUSNhSr9pwPxKuRxsM4InuNcVQPhSlNKYJqrRHaD51fLSTuZFMQD9YUqptS+nmFt4acjs/O7+vq8i5MLng8gTlbnZ/Wqq9Cv+LENjL5Lv/uwPYrzKlb0HiH1bbre+9IxiSP0E5TIoLFQgyMQqYr6qkfCtddwh9CpOjidRJgEeSf1t1yryvSw7GgdUiR9ktP4d9Ptw2AcFEChE+kFmMy/voht4B5wiggtl7W9IKp9rMZFjGUTnnhy72sVmZ0DUx36c2QHGt2IVSX638i2ju6N7149Kb1vJPde70biqHpw1TF3p5QIXTfF5maEmpwhxYNXwARAQAB",
                            "gravatar_id": "",
                            "id": "23742767",
                            "location": "",
                            "login": "rhowe-gds",
                            "name": "Russell Howe",
                            "public_gists": "3",
                            "public_repos": "18",
                            "site_admin": "false",
                            "ssh_keys.#": "2",
                            "ssh_keys.0": "ssh-rsa AAAAB3NzaC1yc2EAAAADAQABAAACAQC0H2YXg+44hRKmJ/uXB/hGSnuh0f5Nv6y7jrNO8VKvlZM082rxWPfKuE5GlZ2Lt2VqUAFX8U6L/6jNHdlE57VVVrRvYq5sQ477D8FdFa9GuO3ARI2tc1Z4kzP8e2gp6XYukiFzBkZxgpWlwGXey4o0KKDeTGWptWqMNbmA+ClhACO7Zm6JSDFbNs3zGyrITZxrgv7ISfqhFP0Vl3NMo+k2AsVW/htYqaMMsX6WaSM6q6MjMZua94GhCNpnqKSleSBK4VhtBp+NlYfK6W2VgAmC67OiYJabTUb2ibomFmN8rmlyQuN1g9JxYvKkNvdffimlSK/fQLpF4tKY6Any+yEhmp/N25QI6D5e/8eSy4O+aptc65mH3g32fRx6d6K1k+nIkpCIndKw4BMPJ6xtz9ksJ+qDU7a8BcWP3w2HUX7ahxjG8XLbG3CegPlDMWy3J4lbTgwc/0RPMWcSK9O+OcVRsZF68ArI+qnkwtPZh5ta3N3fedaJ4AjBQN+FTcPU0pFYeU3ysdlvTY/hodhpfICiMNVIiyeyyApGFvPi6gEz5Rm8yi9fWMzvRwEDCvV4Ri68svr1Mesnrw03ENY5EOkOMxwD6JRaTPmmnzKQUTEbFfHrmLEGad1URzI5dJ8UaylwwCLYg+pm8jNZoDIyyKVmCWGdbYxtrV3IFJHHiF6Cmw==",
                            "ssh_keys.1": "ssh-rsa AAAAB3NzaC1yc2EAAAADAQABAAACAQDaZvpViNRHNtfvbFasM4b9HVGdE8Iv6zXl3kDGqiOFXhzYRQTdsmHYHdUv7cLsHgjMtbLynetLuOW+ifB7DLnW/+U3PlEFTX0xUbmzRLnLkQRTEQSc70YG2XADhJG3qITH7R5/pXLC8gNXDWQLj1cte5vvF08OtUPwcjCiISUc1YcbfWBXXbEpZ1R+rXMHJhDHrLbvwrRfUJdS9kgO7bHAF7zp2CAF1xYEVBoLxA7sW6rm1qL9Qr/UTuLr4yjlaB35CQYA8bXfykdxuCCi2IGNC6UAHQ1z1etw4bG4c+OGer4jeMYQm3fsg6wj9RAKJL1Par8E28JPqlPu1qkbdyQ6VHjHXFgCHAfvh++JMuFW6EIFbmFXAlqnlJSAS4/ZSleQWbJg5KpubPLmLu3bqRq0Rs4T56SwzV2rCXOD0e/0FttBjPyLTsfjJC++EVaFYZBdsB1MgTIfKMf16RdERXmUYQtYhT05JUy89vbYde0CLD1mmqO84uabGnwrq0QQjoqw19FZp2EjtHEhTsKthe2xF2Wf7d9tsWjXRDACPKiCEriACpfqkoJvAv3uP1T20FT5J/xfZwhr4YpJd3Cdb1LHKYaViRa+SsdE/PPQxjqmJXW9qHXlfIKRZc+ojfTky5Rr/+RFHdcp+g31SWEjH6kDaxxDNh4O2Hbtpf0IXjs33w==",
                            "username": "rhowe-gds"
                        },
                        "meta": {},
                        "tainted": false
                    },
                    "deposed": [],
                    "provider": "provider.github"
                },
                "github_membership.org_membership": {
                    "type": "github_membership",
                    "depends_on": [],
                    "primary": {
                        "id": "alphagov:rhowe-gds",
                        "attributes": {
                            "etag": "W/\"8ad68ea98ee742cf67a254bfae968fc2\"",
                            "id": "alphagov:rhowe-gds",
                            "role": "admin",
                            "username": "rhowe-gds"
                        },
                        "meta": {},
                        "tainted": false
                    },
                    "deposed": [],
                    "provider": "provider.github"
                },
                "github_team_membership.team_membership.0": {
                    "type": "github_team_membership",
                    "depends_on": [],
                    "primary": {
                        "id": "2826127:rhowe-gds",
                        "attributes": {
                            "etag": "W/\"13be39a81ba3f4ca25b53187a630c9b3\"",
                            "id": "2826127:rhowe-gds",
                            "role": "maintainer",
                            "team_id": "2826127",
                            "username": "rhowe-gds"
                        },
                        "meta": {},
                        "tainted": false
                    },
                    "deposed": [],
                    "provider": "provider.github"
                },
                "github_team_membership.team_membership.1": {
                    "type": "github_team_membership",
                    "depends_on": [],
                    "primary": {
                        "id": "2826126:rhowe-gds",
                        "attributes": {
                            "etag": "W/\"ac1de33791b00d29c314590a481f0533\"",
                            "id": "2826126:rhowe-gds",
                            "role": "maintainer",
                            "team_id": "2826126",
                            "username": "rhowe-gds"
                        },
                        "meta": {},
                        "tainted": false
                    },
                    "deposed": [],
                    "provider": "provider.github"
                },
                "github_team_membership.team_membership.2": {
                    "type": "github_team_membership",
                    "depends_on": [],
                    "primary": {
                        "id": "2826120:rhowe-gds",
                        "attributes": {
                            "etag": "W/\"75733a5fa1c5cb0f0631297731e637e8\"",
                            "id": "2826120:rhowe-gds",
                            "role": "maintainer",
                            "team_id": "2826120",
                            "username": "rhowe-gds"
                        },
                        "meta": {},
                        "tainted": false
                    },
                    "deposed": [],
                    "provider": "provider.github"
                },
                "github_team_membership.team_membership.3": {
                    "type": "github_team_membership",
                    "depends_on": [],
                    "primary": {
                        "id": "2826125:rhowe-gds",
                        "attributes": {
                            "etag": "W/\"ac73ee5730b734319f4296f5af860a45\"",
                            "id": "2826125:rhowe-gds",
                            "role": "maintainer",
                            "team_id": "2826125",
                            "username": "rhowe-gds"
                        },
                        "meta": {},
                        "tainted": false
                    },
                    "deposed": [],
                    "provider": "provider.github"
                },
                "github_team_membership.team_membership.4": {
                    "type": "github_team_membership",
                    "depends_on": [],
                    "primary": {
                        "id": "2915524:rhowe-gds",
                        "attributes": {
                            "etag": "W/\"328b2193133b36c7bcaf7b310ee856ec\"",
                            "id": "2915524:rhowe-gds",
                            "role": "maintainer",
                            "team_id": "2915524",
                            "username": "rhowe-gds"
                        },
                        "meta": {},
                        "tainted": false
                    },
                    "deposed": [],
                    "provider": "provider.github"
                }
            },
            "depends_on": []
        },
        {
            "path": [
                "root",
                "user_robinmitra"
            ],
            "outputs": {},
            "resources": {
                "data.github_user.user": {
                    "type": "github_user",
                    "depends_on": [],
                    "primary": {
                        "id": "3193694",
                        "attributes": {
                            "avatar_url": "https://avatars2.githubusercontent.com/u/3193694?v=4",
                            "bio": "(({greeting = 'Hello', name = 'World'} = {}) =\u003e `${greeting} ${name}!`)()",
                            "blog": "www.robinmitra.com",
                            "company": "Government Digital Service",
                            "email": "",
                            "followers": "12",
                            "following": "35",
                            "gpg_keys.#": "2",
                            "gpg_keys.0": "xsFNBFrcthoBEADsqpF6vyioIcd3vRDA5pQ4xjOfJZWmjK/jfhLYnriEJgA+0EXiBtI2zvcSZ96rUvD5NWIoVmiN/I3FfnfTQTClH1gi4HwXFyhqnfjjKZxVCIlCZ9CYD0SNpaxTw0XKpeLqEq7GMRX/JRSHN1EcvJR/NAI0rsSWHbo7UYXSRavI2Qxbj6wW2v2oYxBHVsHoqg3XTp7Mmm0bbgPtwKIsKFatHhYmWbQP2NoMQkgvWeGr7/TDDMMo+VDXJDFJ33DXePcYDUe9cOsl6bKfTWPyY0BR4fEJHaNwITamiVkqyyWI9zjUBDlPAklALBA2Uyqxcyc3XipTmX3qiyclOrrhd/9XSNmaes9yWrWG1B6h/mmKUqBcbHe5uZdhlaVJpzcPjDiUlkUv6/s/y4Io0x2umkl5TBBpvQamEdkJ7HiE7gTxfjS/bMDEl3ZcDVPLtzlexsu2PRmLrdk05+u7fxGDFz90q5xeB5B6xtLirB/4o1Pk/AsVj5RJA3vHsseDoWSTV06jivcC5iuZyJOSMzkrlRLCvJhl+kof84vnPEDKDT+WlUqcRQzHSid4RiVw9qNUBvuDZoVjQXNaAHeOM8IIPP7s0V1364X6mCAC2k7RZEY4odfHn8fXRr0v+xKGjoXVIbW3y9kHQpUFoO2oLRGcFedrD1mcEsAo1YIwbVW0L5tb1QARAQAB",
                            "gpg_keys.1": "xsFNBFrcoDABEACmTiN08BGCQFXX1JNAy/Q+0O33/VE9DN3XyFfiVpMa0vlLMWe2cJlYroyIO0n38TBgsqWBEgN15Kntpoo1+opMmx+hrSEAGuOyW8j4oWMUOnXuK8wzRd+/9C9J8RyPC0WlY8K/btJ/OJ44Jzqrh2J2QIq1Amx+PybnAF2fcTX5UH2jTyBotRObpElOUN5mSorbj5PgYiDjX1NkIx94riZQSqNRnGZtlt7V0DlZZcfiz6HcGUZmSGlqKAAZBQs74A2bCIMuakbwVJo8fPfEUvqGPkibc1ADw9k0sdf+cdFDA1U9K3MpSOiLJ0ZfggAm7pft20Nz13pMmdGJCnV4kTrRHVW0aYU2SdGhJD1kcG3kLUiKd4icsK8F89uYkAGqS/OuXG3SJq/I9AVjGvS3M9WFu33ZkVSN6Mx13SVGBOl7zBy8EPmXFDGA4GqdhUCFBp+saWbe3zt9dkQbc6Iz0zvyy6uXBlzOzwuDt76bcwuFrqD5lfg3XHKyM+V85dG67ZUFDqKmOdp9OgRgL5bgvRXDhsNGvZPU6fFyPb/IRBKHvdvHSmyKzp4KBc/+ly8CE28Aj+yXBeeSVW2pzf5r9oND1Q92IfwvmDuR4fUrMSImROrZPuCF9YGsFL8IFK9LDY9Yeo0dES3SWxNuqNqvQikK2a8uhHUhwc6B7fLpxpH3swARAQAB",
                            "gravatar_id": "",
                            "id": "3193694",
                            "location": "London, UK",
                            "login": "robinmitra",
                            "name": "Robin Mitra",
                            "public_gists": "11",
                            "public_repos": "16",
                            "site_admin": "false",
                            "ssh_keys.#": "2",
                            "ssh_keys.0": "ssh-rsa AAAAB3NzaC1yc2EAAAADAQABAAABAQDGDwjlNTN0oxUGDPTCfMya4CzffhKTpoJfo3jF3zp3YtW4ivL/gzFl6kkF6tTlvdn/n+LjLYFen2a+Ht7dAeDpUxVkZvrZnC06mTzrmU1oJ75FYOhVqieTqGg1yF3Jdx3irqNtS+QhpLUD9UaUUoLZmZ0Q+T1IWlmhk3TMNgVjaiSRBOZcAwkiMtOXsluWqhTO2kTaPQReJiIsCRidAhpgYkX4aX5jF0wg+qqspKLE4T/XkXOEY3PWasIasB8m2qVLkzKGrQoyaF8n2/+XLClIOoTDcsHzWdmYFgrwIz/hRRUGoJK6e471ogEiXhZAl2Ju1XNeISfnwWka/BT2cSW5",
                            "ssh_keys.1": "ssh-rsa AAAAB3NzaC1yc2EAAAADAQABAAACAQDrZfMuJRmcRtpLS3X/oKTKiGwmFSjIEAZd3N3zszJd49BdSlqiXUl2LnZt89mdgzc2zDfrrM9jTbmlS5ImxDWMCgDnAxBSsQaV6vu4HAhsd11stV1qkspqc0vqbZbOVNEdz1r1g3Fodt5gatcZZ48G3Hb+x0L5ISW+74Ie3WJkQZpVj11dUNyyfSHW+b7Ue2kniosRX9+slJUzvxuJswkYP65broIZ/1xe6LB566m1lg0Qg3YJn1IAVXMXbfE4ZqgMwjXPKv6EYPy5AHuChhxqlT/aEZET8jn7Z0H01csWVIsdAal9BO/RFoi4PDZLyyKSbCtUv4SlfYLMW540Qn+0Lkn3BqgFRAgqcwOmXtE2B5GX7lN5qK1voeS0wEMgJ+uO+eyt81da10bDbpB+qR40Bxefobs1FjefuAY7/y6ApEolB9Azm3U3f9Z7tK4CmomnjFcQZ+dLQJbJ+Ya4c77sDo1lR0iE4ZlP3LgnYC4pwy76XjLcAbMhnsuM/o8YjnPx7uS78kAWChD7kivcfNLOtt5GN/f6yPHAKJJdKUs9h9PNkAPc4Dmd+ZaF2MpopBBfzvI1rh08FMoW7JUsBsNKoWhQfi2LP0tMzaK3oOh/+gION5nYEWaQbdQr1T6LqaGGiLq2EfE0BE1LwdCd8QDyhDzoULKqLxmnRRtT4q16FQ==",
                            "username": "robinmitra"
                        },
                        "meta": {},
                        "tainted": false
                    },
                    "deposed": [],
                    "provider": "provider.github"
                },
                "github_membership.org_membership": {
                    "type": "github_membership",
                    "depends_on": [],
                    "primary": {
                        "id": "alphagov:robinmitra",
                        "attributes": {
                            "etag": "W/\"64e642979333c3123be9a1d9265ad254\"",
                            "id": "alphagov:robinmitra",
                            "role": "member",
                            "username": "robinmitra"
                        },
                        "meta": {},
                        "tainted": false
                    },
                    "deposed": [],
                    "provider": "provider.github"
                },
                "github_team_membership.team_membership.0": {
                    "type": "github_team_membership",
                    "depends_on": [],
                    "primary": {
                        "id": "2826122:robinmitra",
                        "attributes": {
                            "etag": "W/\"81ac01a73ade485ff8452d016a693b76\"",
                            "id": "2826122:robinmitra",
                            "role": "member",
                            "team_id": "2826122",
                            "username": "robinmitra"
                        },
                        "meta": {},
                        "tainted": false
                    },
                    "deposed": [],
                    "provider": "provider.github"
                },
                "github_team_membership.team_membership.1": {
                    "type": "github_team_membership",
                    "depends_on": [],
                    "primary": {
                        "id": "2826127:robinmitra",
                        "attributes": {
                            "etag": "W/\"3b39dafbaba7dedaf942d08913052c01\"",
                            "id": "2826127:robinmitra",
                            "role": "member",
                            "team_id": "2826127",
                            "username": "robinmitra"
                        },
                        "meta": {},
                        "tainted": false
                    },
                    "deposed": [],
                    "provider": "provider.github"
                },
                "github_team_membership.team_membership.2": {
                    "type": "github_team_membership",
                    "depends_on": [],
                    "primary": {
                        "id": "2826126:robinmitra",
                        "attributes": {
                            "etag": "W/\"3f6f9f92b284ee03886d925032c2ad79\"",
                            "id": "2826126:robinmitra",
                            "role": "member",
                            "team_id": "2826126",
                            "username": "robinmitra"
                        },
                        "meta": {},
                        "tainted": false
                    },
                    "deposed": [],
                    "provider": "provider.github"
                },
                "github_team_membership.team_membership.3": {
                    "type": "github_team_membership",
                    "depends_on": [],
                    "primary": {
                        "id": "2826123:robinmitra",
                        "attributes": {
                            "etag": "W/\"7ed07df98c9ca0cbe2c9a440ed5e5709\"",
                            "id": "2826123:robinmitra",
                            "role": "member",
                            "team_id": "2826123",
                            "username": "robinmitra"
                        },
                        "meta": {},
                        "tainted": false
                    },
                    "deposed": [],
                    "provider": "provider.github"
                },
                "github_team_membership.team_membership.4": {
                    "type": "github_team_membership",
                    "depends_on": [],
                    "primary": {
                        "id": "2826125:robinmitra",
                        "attributes": {
                            "etag": "W/\"8a3b7021b289a892f329c57cf9860fec\"",
                            "id": "2826125:robinmitra",
                            "role": "member",
                            "team_id": "2826125",
                            "username": "robinmitra"
                        },
                        "meta": {},
                        "tainted": false
                    },
                    "deposed": [],
                    "provider": "provider.github"
                },
                "github_team_membership.team_membership.5": {
                    "type": "github_team_membership",
                    "depends_on": [],
                    "primary": {
                        "id": "2915520:robinmitra",
                        "attributes": {
                            "etag": "W/\"ed530652cd733886008befa0db9e1b65\"",
                            "id": "2915520:robinmitra",
                            "role": "member",
                            "team_id": "2915520",
                            "username": "robinmitra"
                        },
                        "meta": {},
                        "tainted": false
                    },
                    "deposed": [],
                    "provider": "provider.github"
                },
                "github_team_membership.team_membership.6": {
                    "type": "github_team_membership",
                    "depends_on": [],
                    "primary": {
                        "id": "2915524:robinmitra",
                        "attributes": {
                            "etag": "W/\"30df8e6dae6f9be673394dcebe977436\"",
                            "id": "2915524:robinmitra",
                            "role": "member",
                            "team_id": "2915524",
                            "username": "robinmitra"
                        },
                        "meta": {},
                        "tainted": false
                    },
                    "deposed": [],
                    "provider": "provider.github"
                }
            },
            "depends_on": []
        },
        {
            "path": [
                "root",
                "user_ronocg"
            ],
            "outputs": {},
            "resources": {
                "data.github_user.user": {
                    "type": "github_user",
                    "depends_on": [],
                    "primary": {
                        "id": "4973404",
                        "attributes": {
                            "avatar_url": "https://avatars2.githubusercontent.com/u/4973404?v=4",
                            "bio": "",
                            "blog": "",
                            "company": "",
                            "email": "",
                            "followers": "0",
                            "following": "1",
                            "gpg_keys.#": "1",
                            "gpg_keys.0": "xsFNBFayNs4BEACxDuBWUkQ6ycBa/UIbvb4R/0ps22x0MnTGV1Xa+WOdsT06WVZ9oGGDA0ev1s6VGUw6Z1uxmRRw8HAho+XSTHXCi/UDPmB3eyK7geA4+4OnqNu31V+fADMcOsYDLMDh1ay7qHLtGFaShN6XjDBZmQhpLZO6/tH2LsOpHmUoITCqtp996W7+gUkIy8/3t1eCdOqM4WciNSFJraKxdZbVFhF/cpGMEQFP4pEzjK0Lc4LZ3NRk0aBQmRcp1gjRiVdR5qvK3esFEhzRyuImB1q8xZ31Ja56vdJSKH1vQgMmhBmUIbJNlqmj4vZalesQqCiTvLuo2PJMs0ZjFrOEz4KvIJIZRwDQaj0WGK6d94KgmbP+puChzXu2/IxHaopxXorl4TZyjYBve24NjnbHVpLab+x3t+u9wSCDzUWodoh6gY/9qm2yzt13LqgcgbdhAP3NZ4GugHKzPj8dpkYIjcIFlkDDCe3m0xtzlIzgS9jOwNU/A8fkkWIBXMR6xyoSMVJR0Rvm7wMQZmCQ+9/VpUF4imv/BNZA8KwPpdtasdENnh0i2ptsfUxWIQql0QH9Mgvx4NJNN/r8JAwAFWO5/2AfPaHV9CgnwXHqJpxoIvDtIMKAdpKQR2lbU4aAsI90ObXYxprI7gvdWOCTyO01Q2f5Z3kroAnAEGIvo7Grmkl7ethYMQARAQAB",
                            "gravatar_id": "",
                            "id": "4973404",
                            "location": "United Kingdom",
                            "login": "ronocg",
                            "name": "Conor Glynn",
                            "public_gists": "1",
                            "public_repos": "4",
                            "site_admin": "false",
                            "ssh_keys.#": "1",
                            "ssh_keys.0": "ssh-rsa AAAAB3NzaC1yc2EAAAADAQABAAABAQDUSsLykW5SixwnSgsppEVG9ZOViuGznm/8Z3CjGNMNb3JnBZCrpsBP+RjNiPwldu4NKVCDinhbPLKDojE07LqTOVD12crUX7DYhQ0FNPip3MHCnFJI5s08fZ4uFR+pOJyT7iOBVnLGCRCcmxwNMWPGEYmRi0Yi5PeROxIFP/E4Y8iFemD50eK3Upj4biZi97+0U9+y+MB4VJ0qqmyG/I2unhBsUNPgSamdZIJ7OnU22YCSOSJbNLzArsLRu9txrLhknkYPM46L2Oy+N34NPx1lB0Y1J3csfNYPperAPm62Fwqk/JCIhdo5hiOXimzobWQhyaTaImL4d+lifA4u072V",
                            "username": "ronocg"
                        },
                        "meta": {},
                        "tainted": false
                    },
                    "deposed": [],
                    "provider": "provider.github"
                },
                "github_membership.org_membership": {
                    "type": "github_membership",
                    "depends_on": [],
                    "primary": {
                        "id": "alphagov:ronocg",
                        "attributes": {
                            "etag": "W/\"274e343d46f4eee9f2402421ca06125b\"",
                            "id": "alphagov:ronocg",
                            "role": "member",
                            "username": "ronocg"
                        },
                        "meta": {},
                        "tainted": false
                    },
                    "deposed": [],
                    "provider": "provider.github"
                },
                "github_team_membership.team_membership.0": {
                    "type": "github_team_membership",
                    "depends_on": [],
                    "primary": {
                        "id": "2826127:ronocg",
                        "attributes": {
                            "etag": "W/\"4fb6fd912a5dc2c0a56c80f7865e05bf\"",
                            "id": "2826127:ronocg",
                            "role": "member",
                            "team_id": "2826127",
                            "username": "ronocg"
                        },
                        "meta": {},
                        "tainted": false
                    },
                    "deposed": [],
                    "provider": "provider.github"
                },
                "github_team_membership.team_membership.1": {
                    "type": "github_team_membership",
                    "depends_on": [],
                    "primary": {
                        "id": "2826126:ronocg",
                        "attributes": {
                            "etag": "W/\"729a70bec454e7cd40c683e93b4d8b8d\"",
                            "id": "2826126:ronocg",
                            "role": "member",
                            "team_id": "2826126",
                            "username": "ronocg"
                        },
                        "meta": {},
                        "tainted": false
                    },
                    "deposed": [],
                    "provider": "provider.github"
                },
                "github_team_membership.team_membership.2": {
                    "type": "github_team_membership",
                    "depends_on": [],
                    "primary": {
                        "id": "2826120:ronocg",
                        "attributes": {
                            "etag": "W/\"b203f1d0c272832e740924c5a890c3c7\"",
                            "id": "2826120:ronocg",
                            "role": "member",
                            "team_id": "2826120",
                            "username": "ronocg"
                        },
                        "meta": {},
                        "tainted": false
                    },
                    "deposed": [],
                    "provider": "provider.github"
                },
                "github_team_membership.team_membership.3": {
                    "type": "github_team_membership",
                    "depends_on": [],
                    "primary": {
                        "id": "2826125:ronocg",
                        "attributes": {
                            "etag": "W/\"75bc1c71b92fe0999c1a69391d8b3a74\"",
                            "id": "2826125:ronocg",
                            "role": "member",
                            "team_id": "2826125",
                            "username": "ronocg"
                        },
                        "meta": {},
                        "tainted": false
                    },
                    "deposed": [],
                    "provider": "provider.github"
                },
                "github_team_membership.team_membership.4": {
                    "type": "github_team_membership",
                    "depends_on": [],
                    "primary": {
                        "id": "2915524:ronocg",
                        "attributes": {
                            "etag": "W/\"fafe5c803938356eeb1d542993934818\"",
                            "id": "2915524:ronocg",
                            "role": "member",
                            "team_id": "2915524",
                            "username": "ronocg"
                        },
                        "meta": {},
                        "tainted": false
                    },
                    "deposed": [],
                    "provider": "provider.github"
                }
            },
            "depends_on": []
        },
        {
            "path": [
                "root",
                "user_rosa_fox"
            ],
            "outputs": {},
            "resources": {
                "data.github_user.user": {
                    "type": "github_user",
                    "depends_on": [],
                    "primary": {
                        "id": "5963488",
                        "attributes": {
                            "avatar_url": "https://avatars1.githubusercontent.com/u/5963488?v=4",
                            "bio": "",
                            "blog": "http://www.rosaemeraldfox.com",
                            "company": "Government Digital Service",
                            "email": "rosafox89@gmail.com",
                            "followers": "26",
                            "following": "7",
                            "gpg_keys.#": "0",
                            "gravatar_id": "",
                            "id": "5963488",
                            "location": "London, UK",
                            "login": "Rosa-Fox",
                            "name": "Rosa Fox",
                            "public_gists": "31",
                            "public_repos": "36",
                            "site_admin": "false",
                            "ssh_keys.#": "2",
                            "ssh_keys.0": "ssh-rsa AAAAB3NzaC1yc2EAAAADAQABAAACAQC9D0hz7MNQL9ywlC4OfhhirQwc6dmUJE1hPan32rGq3WKVVtNCRyycB3UTu2GZ7vEBahYFx9Sxf/tbOAwuhGEgaOvGPepvslKltY9X+A92z7KneK12UyX4TTtuKZMAfCMKC6auoXyROuxPNpxFBrrmPHhySbftaxjjM5ORh1btef+GKyhbrqyFwzUq5AuylAacE3aiS8+A00FNs9aRPcnMMu6vDCFsaUKrDh4U9nIb3fa2d+mQAbuGpEw+yYN0gPmCE9x9zXN/rPXBxboTqOMnLvqPiuMebnV8Ec9/puSzYMREi+VrqMxun1/GsAh0GDvYIEPrKSYdIxQ4/Q4f23sPUF1UZBlqxdaVQFP/QH+E35woNQRF1/ulxxOflHMUPna36Cuw8aJRb4FZ+lyVF23qCNpUP1upa82aDadfcZPRMPk5nscrOFQJBO4JgTWosfofFdFEdgznuUfTi7+QFoVVRJ6SFNmeSF6Av09FQ4pkRjiNZF2LI7xgJ65ZkfNiJn/0A8w4lx9XioNNtfZunCPz3pQzgRSqZyw4SyZHZalm7MDRp1oNKrESqQy+cLPNWcogKI93YG3HckXK5hDGJOH1xWHO1jNZ99fr9da+ej0En5hRQE1xjQyFSvvZi/d5G4gabunjSzSrcfu2FYryr3CcFCJS8XOZUF7IbHu51g8c5w==",
                            "ssh_keys.1": "ssh-rsa AAAAB3NzaC1yc2EAAAADAQABAAACAQDc4WFKxhyxLItpYixyf/0o0Cou3/mW/Ktd5y0ij7QqLX5A/b+poJXc+6zwM4XbJAz8mcvWi9wsMlv5j9yjSa9n3MQsM/ZMfw5pNAujeP7/+TgTISAAJt7hRmtWvRu6sS/5EsITCTPkEIDDLKfuSvSy0gou+zetp22GW/PgnK0xaykgLWPGGXhEFVm+6bOBFq2vGZUYn3bgbSQZzozWGT1tVZePwTceX3KLOTOkis6chCv5UHh1a5YE9upfZym6IDCgKBkRA+Wv4vatbXy/ULDoSFzgT72unNdddu6kjixy+E7KpWPPqQjEDc8Bmel1gXr52sbg1+Xacj7LjKbGnvzyFmdPAZXMtQTu14zsIx9Z4F3Sha8qP05XkXANvzHmhGn3XuoSa4fARqngrnSAvuGILytd8m8jGtM3TfDJueJJ2EX5I6YBUiDeJPnKzh3MZXJFh3niCee+lupUGON8Wo/JrUsw+Hs/kMPeIu20eEynm+m5OdHwGb39arB8YAdWHTxumBG1rsn60GpXGAdD+b41ghzZr32U73m2fuXnRjTMrTj2L6gJZRfxdoELCE2OfixdABMT51V0LbSnvXc/uGIoRx6qqas3LRXFdAwqTF7foR+k6GGtQYSiSp6e+/rZGGEGOKIXJdDTYjxc4neFdNRLP3UiV1ys0B3iWw2Sgrwu/Q==",
                            "username": "Rosa-Fox"
                        },
                        "meta": {},
                        "tainted": false
                    },
                    "deposed": [],
                    "provider": "provider.github"
                },
                "github_membership.org_membership": {
                    "type": "github_membership",
                    "depends_on": [],
                    "primary": {
                        "id": "alphagov:Rosa-Fox",
                        "attributes": {
                            "etag": "W/\"bc1870696f3acc718efd8a1a54567927\"",
                            "id": "alphagov:Rosa-Fox",
                            "role": "member",
                            "username": "Rosa-Fox"
                        },
                        "meta": {},
                        "tainted": false
                    },
                    "deposed": [],
                    "provider": "provider.github"
                },
                "github_team_membership.team_membership.0": {
                    "type": "github_team_membership",
                    "depends_on": [],
                    "primary": {
                        "id": "2826122:Rosa-Fox",
                        "attributes": {
                            "etag": "W/\"5fb80cc3fcb3338f0d1b06c053925665\"",
                            "id": "2826122:Rosa-Fox",
                            "role": "member",
                            "team_id": "2826122",
                            "username": "Rosa-Fox"
                        },
                        "meta": {},
                        "tainted": false
                    },
                    "deposed": [],
                    "provider": "provider.github"
                },
                "github_team_membership.team_membership.1": {
                    "type": "github_team_membership",
                    "depends_on": [],
                    "primary": {
                        "id": "2826127:Rosa-Fox",
                        "attributes": {
                            "etag": "W/\"c248347af732b9e29fe3253890acceb2\"",
                            "id": "2826127:Rosa-Fox",
                            "role": "member",
                            "team_id": "2826127",
                            "username": "Rosa-Fox"
                        },
                        "meta": {},
                        "tainted": false
                    },
                    "deposed": [],
                    "provider": "provider.github"
                },
                "github_team_membership.team_membership.2": {
                    "type": "github_team_membership",
                    "depends_on": [],
                    "primary": {
                        "id": "2826126:Rosa-Fox",
                        "attributes": {
                            "etag": "W/\"6bdd79c340c94c88652850ef359b56ac\"",
                            "id": "2826126:Rosa-Fox",
                            "role": "member",
                            "team_id": "2826126",
                            "username": "Rosa-Fox"
                        },
                        "meta": {},
                        "tainted": false
                    },
                    "deposed": [],
                    "provider": "provider.github"
                },
                "github_team_membership.team_membership.3": {
                    "type": "github_team_membership",
                    "depends_on": [],
                    "primary": {
                        "id": "2826123:Rosa-Fox",
                        "attributes": {
                            "etag": "W/\"b4c04ac6fdf13d423ad21b11535c6bc9\"",
                            "id": "2826123:Rosa-Fox",
                            "role": "member",
                            "team_id": "2826123",
                            "username": "Rosa-Fox"
                        },
                        "meta": {},
                        "tainted": false
                    },
                    "deposed": [],
                    "provider": "provider.github"
                },
                "github_team_membership.team_membership.4": {
                    "type": "github_team_membership",
                    "depends_on": [],
                    "primary": {
                        "id": "2826125:Rosa-Fox",
                        "attributes": {
                            "etag": "W/\"f2ea50fa35409a779cf0ccb37a206887\"",
                            "id": "2826125:Rosa-Fox",
                            "role": "member",
                            "team_id": "2826125",
                            "username": "Rosa-Fox"
                        },
                        "meta": {},
                        "tainted": false
                    },
                    "deposed": [],
                    "provider": "provider.github"
                },
                "github_team_membership.team_membership.5": {
                    "type": "github_team_membership",
                    "depends_on": [],
                    "primary": {
                        "id": "2915524:Rosa-Fox",
                        "attributes": {
                            "etag": "W/\"f0c21c4a6faf66b1c086c7327b1404f0\"",
                            "id": "2915524:Rosa-Fox",
                            "role": "member",
                            "team_id": "2915524",
                            "username": "Rosa-Fox"
                        },
                        "meta": {},
                        "tainted": false
                    },
                    "deposed": [],
                    "provider": "provider.github"
                }
            },
            "depends_on": []
        },
        {
            "path": [
                "root",
                "user_sarahdean"
            ],
            "outputs": {},
            "resources": {
                "data.github_user.user": {
                    "type": "github_user",
                    "depends_on": [],
                    "primary": {
                        "id": "28869085",
                        "attributes": {
                            "avatar_url": "https://avatars2.githubusercontent.com/u/28869085?v=4",
                            "bio": "",
                            "blog": "",
                            "company": "",
                            "email": "",
                            "followers": "0",
                            "following": "0",
                            "gpg_keys.#": "0",
                            "gravatar_id": "",
                            "id": "28869085",
                            "location": "",
                            "login": "sarah-dean",
                            "name": "",
                            "public_gists": "0",
                            "public_repos": "2",
                            "site_admin": "false",
                            "ssh_keys.#": "1",
                            "ssh_keys.0": "ssh-rsa AAAAB3NzaC1yc2EAAAADAQABAAACAQDH0JgSldKKHgycFbJ+96rIT6mxlw0vAa3VskdFYbJpsXBfk72ATx5tykeGme9eMr9Lv/v4CFFUwC3zUJ+vGOkC80qUGObOLHyWU8/1J7un2Y3dqe3U6nHreoWmCkSz+P4kdhZ5qpCrPxhqgxi/xc+EBoetiZ6dxZQJEXWvssE0CTk16SBCYwo9r+Tthn1lyxr6wx4caEKCoBxP6keOhTIK81zpHc3MHPBJ1GPWAqeEwA+jMeUxVk/CCabIQ8X6SbxSalHcN2rbgWUChTd9nEWYGOCXf8+iAVIKTRtz3Q6ginjHWLq93Lij8w8ivaYQHEPOR1Yp9E3qcHe9UMXFnV9XsKO9cQbvqu/otGCRXr2HYyUHIH1vG9WgeitONhcUtA6GWm1eA2vxOCM34NFfLGriJdPSOZuiwg9ZkvrOuoLemAU0ZJAhzdOOZvUZ7f/LvwAP6m8OJQ86S9mRdnFl2LtzAblaj/m35H9LCEJZg8FOxTefYhlOLf4HBVQc5LK3Pc/T+6NXjX+4NLDAku6iqd6XFRpr2HSIP5TAVOu7geWXzZq0hfKwvnUTXeQd/D2/JU/NjIzYXFuugR98B6GYa8Va7n0oy9ZDLZjHZslNT6x2ZkmiTs8rtwMeqPHOpGUbhB3JG6wOJxbi9HVHIYXbDbAAksyZGXj5U0Ru5ydIuz91xQ==",
                            "username": "sarah-dean"
                        },
                        "meta": {},
                        "tainted": false
                    },
                    "deposed": [],
                    "provider": "provider.github"
                },
                "github_membership.org_membership": {
                    "type": "github_membership",
                    "depends_on": [],
                    "primary": {
                        "id": "alphagov:sarah-dean",
                        "attributes": {
                            "etag": "W/\"3847d52c74c0c256f92515908bb5d1d8\"",
                            "id": "alphagov:sarah-dean",
                            "role": "member",
                            "username": "sarah-dean"
                        },
                        "meta": {},
                        "tainted": false
                    },
                    "deposed": [],
                    "provider": "provider.github"
                },
                "github_team_membership.team_membership": {
                    "type": "github_team_membership",
                    "depends_on": [],
                    "primary": {
                        "id": "2826124:sarah-dean",
                        "attributes": {
                            "etag": "W/\"80de7509ffa3bf1733b01f6edf0b1fde\"",
                            "id": "2826124:sarah-dean",
                            "role": "member",
                            "team_id": "2826124",
                            "username": "sarah-dean"
                        },
                        "meta": {},
                        "tainted": false
                    },
                    "deposed": [],
                    "provider": "provider.github"
                }
            },
            "depends_on": []
        },
        {
            "path": [
                "root",
                "user_sgreensmith"
            ],
            "outputs": {},
            "resources": {
                "data.github_user.user": {
                    "type": "github_user",
                    "depends_on": [],
                    "primary": {
                        "id": "12048133",
                        "attributes": {
                            "avatar_url": "https://avatars1.githubusercontent.com/u/12048133?v=4",
                            "bio": "",
                            "blog": "",
                            "company": "",
                            "email": "",
                            "followers": "0",
                            "following": "0",
                            "gpg_keys.#": "0",
                            "gravatar_id": "",
                            "id": "12048133",
                            "location": "",
                            "login": "sgreensmith",
                            "name": "Simon Greensmith",
                            "public_gists": "0",
                            "public_repos": "18",
                            "site_admin": "false",
                            "ssh_keys.#": "3",
                            "ssh_keys.0": "ssh-rsa AAAAB3NzaC1yc2EAAAADAQABAAACAQDJ9VjH1edH84ClyvccrUXCNTi+dGl9KhIiIq3V+Ahd4yDYL8Y4gPvVpbPQo239BZJoz86eM8jS+Vp/eE+eEKfY7bYpNY1Wp5igYabggI/sh9H9qbqnd0WdIpOhqN26wSE3EKsmRcDa+pDHfteMCxCOqE2bgHKb8f8U/qW5h90RUPFX0WDj4NQKoIfD3rB4psHCjfjvRrFUh9aG9/2Rw5eo/43ka9IMo2IOIhXhWtgJVO+2H5unrRYF6Y2pKsS+DZd+ga9UUmfyhTfl9z7dr5KEEF0KGheflHXiLHKCEvLQdK+K/4PiuF/Umt7OcJ8TKyI58r102ww8pde0HpyE9iiWePZfPNq5/YCJrjMWhPMBTDdR0moiTPbWLig9KywoY7dmG1WdE/0AERrHbwLklRRzEnJWKfABFEpgyWI9V9NbgWQ8z0xPI9gbx4k+pkmbhvPXfn4vTsahRO6Btj4h2JtGXJj/wCgfGQiORwaCjUKe3NRksHq5a4iMa3P9qA72cIDtwwRK8lYz8q2nwudfIUTp6pD5zebltnN+l1o9QMb63/m+vjFPt726yikFbqjqH+4zM4U3a4GXKaWlj7wzvCm54Wwi0ZCnZsDctWmFAqqwjfO+JhEZcPdBSYPgp3cJ6RFC241hfO1u2AcFBtYdMoYMv6098X0e6cDVd3ewl5e5Cw==",
                            "ssh_keys.1": "ssh-rsa AAAAB3NzaC1yc2EAAAADAQABAAABAQDKghhc07Myu8zuY8lBKR4+ooApLupuO8ZopASQvvRS32dpHzpwreRCYDEai723uMaWFeVvAGdoqri9hPkCEn75fR1f9MfjyBdSCj7FUJnz+Qd8HHZgQY90KbC8H+5auuPurcQmYDPyQcMEJgOzHn7avvQSQ45Txns5p7SczLFZxUoNA+XW5XjH8Xil8TdnWeo0iIaLFPV6CTdMgedl2ksRuKcIgxA5s7zHQ74A928QXbyb3+rhArOTfQUt3q6/iJYWf9LBkWxx5y0+g5ZuhieSz917435UUcFfeKRoxK2pSU+k3ShmKP/QSWfujX3mgxANWVYV1Y8davIrdnIZhX3/",
                            "ssh_keys.2": "ssh-rsa AAAAB3NzaC1yc2EAAAADAQABAAABAQDCQGB+ctjx6ImAPuYAV7EuqsEoGYkiPgL5uUqXXDyKCAH1bdE56hA8G+kFeVdK6NbrKURhuz9q1BL06seLQEiGLogMWLUDI/joSCH1K4q6e9sNk6YPGzA5pI/viMYmrvn5wo2fnI6NLxszoz3rBKXZrYHXIN5vnYsqgyKq9D/2yPuOS6kJtNJm17DnCR0WwhmKapZVSLxXV5olFToW0xFMbxW7VaFcRu/VRbRP4X7Udp0P3ah1gJzBmDXIxGMh6O8EVnFihuhE4lRFb89vvCfqEBHO5on4wVsF+G7sG+bCpXMqKJOP758Yx7dJNUT75I3R9TF45X7BxoTHHFJvopjf",
                            "username": "sgreensmith"
                        },
                        "meta": {},
                        "tainted": false
                    },
                    "deposed": [],
                    "provider": "provider.github"
                },
                "github_membership.org_membership": {
                    "type": "github_membership",
                    "depends_on": [],
                    "primary": {
                        "id": "alphagov:sgreensmith",
                        "attributes": {
                            "etag": "W/\"f4fb83fcaa09ebcaf826a6d1111a2e28\"",
                            "id": "alphagov:sgreensmith",
                            "role": "member",
                            "username": "sgreensmith"
                        },
                        "meta": {},
                        "tainted": false
                    },
                    "deposed": [],
                    "provider": "provider.github"
                },
                "github_team_membership.team_membership.0": {
                    "type": "github_team_membership",
                    "depends_on": [],
                    "primary": {
                        "id": "2826122:sgreensmith",
                        "attributes": {
                            "etag": "W/\"5275f6d0018e6d9921e6e4deef0d1f72\"",
                            "id": "2826122:sgreensmith",
                            "role": "member",
                            "team_id": "2826122",
                            "username": "sgreensmith"
                        },
                        "meta": {},
                        "tainted": false
                    },
                    "deposed": [],
                    "provider": "provider.github"
                },
                "github_team_membership.team_membership.1": {
                    "type": "github_team_membership",
                    "depends_on": [],
                    "primary": {
                        "id": "2826127:sgreensmith",
                        "attributes": {
                            "etag": "W/\"5461b858019905c4c1f144f36ddbabae\"",
                            "id": "2826127:sgreensmith",
                            "role": "member",
                            "team_id": "2826127",
                            "username": "sgreensmith"
                        },
                        "meta": {},
                        "tainted": false
                    },
                    "deposed": [],
                    "provider": "provider.github"
                },
                "github_team_membership.team_membership.2": {
                    "type": "github_team_membership",
                    "depends_on": [],
                    "primary": {
                        "id": "2826126:sgreensmith",
                        "attributes": {
                            "etag": "W/\"eae4c6371beea73d6ad485b3fe9dd800\"",
                            "id": "2826126:sgreensmith",
                            "role": "member",
                            "team_id": "2826126",
                            "username": "sgreensmith"
                        },
                        "meta": {},
                        "tainted": false
                    },
                    "deposed": [],
                    "provider": "provider.github"
                },
                "github_team_membership.team_membership.3": {
                    "type": "github_team_membership",
                    "depends_on": [],
                    "primary": {
                        "id": "2826123:sgreensmith",
                        "attributes": {
                            "etag": "W/\"a47feaa8f5ee247b4e99d7cc2e6f1b82\"",
                            "id": "2826123:sgreensmith",
                            "role": "member",
                            "team_id": "2826123",
                            "username": "sgreensmith"
                        },
                        "meta": {},
                        "tainted": false
                    },
                    "deposed": [],
                    "provider": "provider.github"
                },
                "github_team_membership.team_membership.4": {
                    "type": "github_team_membership",
                    "depends_on": [],
                    "primary": {
                        "id": "2826125:sgreensmith",
                        "attributes": {
                            "etag": "W/\"0e874b16cc30de8bd93a394bf07515b2\"",
                            "id": "2826125:sgreensmith",
                            "role": "member",
                            "team_id": "2826125",
                            "username": "sgreensmith"
                        },
                        "meta": {},
                        "tainted": false
                    },
                    "deposed": [],
                    "provider": "provider.github"
                },
                "github_team_membership.team_membership.5": {
                    "type": "github_team_membership",
                    "depends_on": [],
                    "primary": {
                        "id": "2915524:sgreensmith",
                        "attributes": {
                            "etag": "W/\"875b135c8bb51e04d79d748bd2a9c491\"",
                            "id": "2915524:sgreensmith",
                            "role": "member",
                            "team_id": "2915524",
                            "username": "sgreensmith"
                        },
                        "meta": {},
                        "tainted": false
                    },
                    "deposed": [],
                    "provider": "provider.github"
                }
            },
            "depends_on": []
        },
        {
            "path": [
                "root",
                "user_simonwo"
            ],
            "outputs": {},
            "resources": {
                "data.github_user.user": {
                    "type": "github_user",
                    "depends_on": [],
                    "primary": {
                        "id": "4951176",
                        "attributes": {
                            "avatar_url": "https://avatars2.githubusercontent.com/u/4951176?v=4",
                            "bio": "",
                            "blog": "simonwo.net",
                            "company": "Government Digital Service",
                            "email": "",
                            "followers": "4",
                            "following": "6",
                            "gpg_keys.#": "2",
                            "gpg_keys.0": "xpMEWrqxLhMJKyQDAwIIAQENBAMEItPyR/MAt+nTW+lB/2rU7/Unv6c4s+b84vi5GMp9TLCwIcoqubL061wC2qV1ZPlB3VPVB/gyJvQmatNsysYEXkNPxjbQ4sC9Z3FuLuJvP9tBxH1VO/6ad+9dob5RpaaT9fQ2txi/5xxPQNhWt6nLyeFl062NYJW61/oZ1KiC+8s=",
                            "gpg_keys.1": "xpMEWiUslhMJKyQDAwIIAQENBAMENOWiaiEX0VSxoNjTmEorCLdcyDSsO5o8p/hC/sFZwkSPyjGG1LgI2cmVkOZWNpM4yw0kIB6k7u7fGJzf890gLSYnpauA6M5PKiVJn4hjqoEGqUQvual4Wx/hAJS3opp+FGfhT0jT0USGuof4oaXeuVScTMPwrzJN+1JV4ceLVVQ=",
                            "gravatar_id": "",
                            "id": "4951176",
                            "location": "",
                            "login": "simonwo",
                            "name": "Simon Worthington",
                            "public_gists": "7",
                            "public_repos": "13",
                            "site_admin": "false",
                            "ssh_keys.#": "1",
                            "ssh_keys.0": "ssh-rsa AAAAB3NzaC1yc2EAAAADAQABAAABAQDEPiubm92POJZJfSlGInVqUJGOzDxQCw1fgKO3OQTChB/uYKbQNan0ASTkBXSoow1qYdiCH8omYYI6TYCpoG5zbb4SQUosGtJP8DcmNbyUYVWPLTH5evScfgSRyUd7qN1ccn+u6fn9h2ViLRLci3+OdffhPCwzwCfCLcOUKLWfyiMjNxdSAYegw4DtijB+oUKcbQQVH0Bsh7yLqSklXjd8ZGEcl9g+SV84B6eKdufw0d9bpt0t7NG4kTa1SEnOwGc7Hdbv1rSdv/Ez2IRGYnHIuxBGrCfdVWRq2Ba+ohxBpP86vB+TLUNen2AKkB0LVH0pVoeE9SDrW7Cde7po/ESt",
                            "username": "simonwo"
                        },
                        "meta": {},
                        "tainted": false
                    },
                    "deposed": [],
                    "provider": "provider.github"
                },
                "github_membership.org_membership": {
                    "type": "github_membership",
                    "depends_on": [],
                    "primary": {
                        "id": "alphagov:simonwo",
                        "attributes": {
                            "etag": "W/\"e6f43ffce3b42bfb622bc30e37e8e649\"",
                            "id": "alphagov:simonwo",
                            "role": "member",
                            "username": "simonwo"
                        },
                        "meta": {},
                        "tainted": false
                    },
                    "deposed": [],
                    "provider": "provider.github"
                },
                "github_team_membership.team_membership.0": {
                    "type": "github_team_membership",
                    "depends_on": [],
                    "primary": {
                        "id": "2826122:simonwo",
                        "attributes": {
                            "etag": "W/\"91790478f0f1d93b8580c50341fac7a4\"",
                            "id": "2826122:simonwo",
                            "role": "member",
                            "team_id": "2826122",
                            "username": "simonwo"
                        },
                        "meta": {},
                        "tainted": false
                    },
                    "deposed": [],
                    "provider": "provider.github"
                },
                "github_team_membership.team_membership.1": {
                    "type": "github_team_membership",
                    "depends_on": [],
                    "primary": {
                        "id": "2826121:simonwo",
                        "attributes": {
                            "etag": "W/\"b6d0630a9fe6349f578806ce59467254\"",
                            "id": "2826121:simonwo",
                            "role": "member",
                            "team_id": "2826121",
                            "username": "simonwo"
                        },
                        "meta": {},
                        "tainted": false
                    },
                    "deposed": [],
                    "provider": "provider.github"
                },
                "github_team_membership.team_membership.2": {
                    "type": "github_team_membership",
                    "depends_on": [],
                    "primary": {
                        "id": "2826120:simonwo",
                        "attributes": {
                            "etag": "W/\"83d168ffe2d75da3fead14a0ba205a1e\"",
                            "id": "2826120:simonwo",
                            "role": "member",
                            "team_id": "2826120",
                            "username": "simonwo"
                        },
                        "meta": {},
                        "tainted": false
                    },
                    "deposed": [],
                    "provider": "provider.github"
                },
                "github_team_membership.team_membership.3": {
                    "type": "github_team_membership",
                    "depends_on": [],
                    "primary": {
                        "id": "2826126:simonwo",
                        "attributes": {
                            "etag": "W/\"6d089296bf86c8e22aa3d8f385e71238\"",
                            "id": "2826126:simonwo",
                            "role": "member",
                            "team_id": "2826126",
                            "username": "simonwo"
                        },
                        "meta": {},
                        "tainted": false
                    },
                    "deposed": [],
                    "provider": "provider.github"
                },
                "github_team_membership.team_membership.4": {
                    "type": "github_team_membership",
                    "depends_on": [],
                    "primary": {
                        "id": "2826123:simonwo",
                        "attributes": {
                            "etag": "W/\"8b276c8b529f7bde1655b3b06db83073\"",
                            "id": "2826123:simonwo",
                            "role": "member",
                            "team_id": "2826123",
                            "username": "simonwo"
                        },
                        "meta": {},
                        "tainted": false
                    },
                    "deposed": [],
                    "provider": "provider.github"
                },
                "github_team_membership.team_membership.5": {
                    "type": "github_team_membership",
                    "depends_on": [],
                    "primary": {
                        "id": "2826125:simonwo",
                        "attributes": {
                            "etag": "W/\"b4eed9fd65a2d15b4447ea4ab3f89c6e\"",
                            "id": "2826125:simonwo",
                            "role": "member",
                            "team_id": "2826125",
                            "username": "simonwo"
                        },
                        "meta": {},
                        "tainted": false
                    },
                    "deposed": [],
                    "provider": "provider.github"
                },
                "github_team_membership.team_membership.6": {
                    "type": "github_team_membership",
                    "depends_on": [],
                    "primary": {
                        "id": "2915524:simonwo",
                        "attributes": {
                            "etag": "W/\"19be3fb3f561931fa7c0e6aa8a3f1a86\"",
                            "id": "2915524:simonwo",
                            "role": "member",
                            "team_id": "2915524",
                            "username": "simonwo"
                        },
                        "meta": {},
                        "tainted": false
                    },
                    "deposed": [],
                    "provider": "provider.github"
                }
            },
            "depends_on": []
        },
        {
            "path": [
                "root",
                "user_smford"
            ],
            "outputs": {},
            "resources": {
                "data.github_user.user": {
                    "type": "github_user",
                    "depends_on": [],
                    "primary": {
                        "id": "11182275",
                        "attributes": {
                            "avatar_url": "https://avatars1.githubusercontent.com/u/11182275?v=4",
                            "bio": "",
                            "blog": "",
                            "company": "",
                            "email": "",
                            "followers": "0",
                            "following": "6",
                            "gpg_keys.#": "0",
                            "gravatar_id": "",
                            "id": "11182275",
                            "location": "London, UK",
                            "login": "smford",
                            "name": "",
                            "public_gists": "0",
                            "public_repos": "20",
                            "site_admin": "false",
                            "ssh_keys.#": "1",
                            "ssh_keys.0": "ssh-rsa AAAAB3NzaC1yc2EAAAADAQABAAACAQDEBg2FP6ILqRLUYB55iixIjYkLj3jrBrAOHecxgQUXEsO9nDynSKEsb5KRZYVf7RoV0+Gw+IqhcwULYzFTwfZV5KwOfA7xUhVy6YxBluUe50DpfBXR2uuOkzrjQg6c8wO0Ce0AoECcItTr5TQUgIUqhBvqw+dcp2qgLs1MXp0NbvnaQoxr8Hu6cn01v/H33z1HBRGbPCYESGmqr4HAldJJ7zrkSVVLxB7U2yhqCimHUjL2EUhnD6MEz3fV/wLiWYOJYf/nqfKFbL530LxG9SDE3WdsqFZk8T3gmT+Q4BGQsPT8jdbAoyE5zA13LpKeDaJxjjiI/Nc+eD+hKb1CDevqKstCrs1f0kznxxQTksxxLErEmqhxovqr2k9CJAA0Q3nrvs7p+F9jQgcQtNLYvJWhU4/xUEfDIsDlzUnw3loGhtNsvm0qCAyNTDg8Km86zGp3qOMwSpWo6J+O5zR0VK3bKkIOWVLovKvM16OmcGz8Ye8IngNVtOcZX6sSBkotjR/l163RvsKADSie/foQw3F/4xm0zzpyUoPY2Fzm6o1yBZhgXwBcmvKd2X1uDlL7a9gLi39YQfCakuA4qFX2lqFo2Zv7kMypKQEVHRuUY+VwQzDSurLnP+qfb4rlVxoSYy5LiRcRlKdQHr+dDkpzx/5uBKHeQoMDUnL4pV60YEP5Nw==",
                            "username": "smford"
                        },
                        "meta": {},
                        "tainted": false
                    },
                    "deposed": [],
                    "provider": "provider.github"
                },
                "github_membership.org_membership": {
                    "type": "github_membership",
                    "depends_on": [],
                    "primary": {
                        "id": "alphagov:smford",
                        "attributes": {
                            "etag": "W/\"ed84c1478325f71d52db0f90e139b742\"",
                            "id": "alphagov:smford",
                            "role": "admin",
                            "username": "smford"
                        },
                        "meta": {},
                        "tainted": false
                    },
                    "deposed": [],
                    "provider": "provider.github"
                },
                "github_team_membership.team_membership.0": {
                    "type": "github_team_membership",
                    "depends_on": [],
                    "primary": {
                        "id": "2826127:smford",
                        "attributes": {
                            "etag": "W/\"a6b24ab855992235f203f709b27c8b6d\"",
                            "id": "2826127:smford",
                            "role": "maintainer",
                            "team_id": "2826127",
                            "username": "smford"
                        },
                        "meta": {},
                        "tainted": false
                    },
                    "deposed": [],
                    "provider": "provider.github"
                },
                "github_team_membership.team_membership.1": {
                    "type": "github_team_membership",
                    "depends_on": [],
                    "primary": {
                        "id": "2826126:smford",
                        "attributes": {
                            "etag": "W/\"2b25c3cb0979765ff1e22b20c413a654\"",
                            "id": "2826126:smford",
                            "role": "maintainer",
                            "team_id": "2826126",
                            "username": "smford"
                        },
                        "meta": {},
                        "tainted": false
                    },
                    "deposed": [],
                    "provider": "provider.github"
                },
                "github_team_membership.team_membership.2": {
                    "type": "github_team_membership",
                    "depends_on": [],
                    "primary": {
                        "id": "2826120:smford",
                        "attributes": {
                            "etag": "W/\"b9a79db882f80b757827ef1bf7e57f01\"",
                            "id": "2826120:smford",
                            "role": "maintainer",
                            "team_id": "2826120",
                            "username": "smford"
                        },
                        "meta": {},
                        "tainted": false
                    },
                    "deposed": [],
                    "provider": "provider.github"
                },
                "github_team_membership.team_membership.3": {
                    "type": "github_team_membership",
                    "depends_on": [],
                    "primary": {
                        "id": "2826125:smford",
                        "attributes": {
                            "etag": "W/\"2e8fd520c9c931b9abac2b51868c0073\"",
                            "id": "2826125:smford",
                            "role": "maintainer",
                            "team_id": "2826125",
                            "username": "smford"
                        },
                        "meta": {},
                        "tainted": false
                    },
                    "deposed": [],
                    "provider": "provider.github"
                },
                "github_team_membership.team_membership.4": {
                    "type": "github_team_membership",
                    "depends_on": [],
                    "primary": {
                        "id": "2915524:smford",
                        "attributes": {
                            "etag": "W/\"97225e80af355c91f5fd06c15ae79229\"",
                            "id": "2915524:smford",
                            "role": "maintainer",
                            "team_id": "2915524",
                            "username": "smford"
                        },
                        "meta": {},
                        "tainted": false
                    },
                    "deposed": [],
                    "provider": "provider.github"
                }
            },
            "depends_on": []
        },
        {
            "path": [
                "root",
                "user_thomasalanlee"
            ],
            "outputs": {},
            "resources": {
                "data.github_user.user": {
                    "type": "github_user",
                    "depends_on": [],
                    "primary": {
                        "id": "845102",
                        "attributes": {
                            "avatar_url": "https://avatars3.githubusercontent.com/u/845102?v=4",
                            "bio": "",
                            "blog": "",
                            "company": "",
                            "email": "",
                            "followers": "1",
                            "following": "1",
                            "gpg_keys.#": "0",
                            "gravatar_id": "",
                            "id": "845102",
                            "location": "",
                            "login": "thomasalanlee",
                            "name": "",
                            "public_gists": "0",
                            "public_repos": "12",
                            "site_admin": "false",
                            "ssh_keys.#": "1",
                            "ssh_keys.0": "ssh-rsa AAAAB3NzaC1yc2EAAAADAQABAAACAQDoqz1Sk/MAuxujtpknd5sIy7L7it/yYrNjtY0V7TYh8WDseJp8xAszP5HJttW7QItOw4AUJjC+6RnvbIOWzjT7sShPYwL1ZaijR0UoVmCyqZ0PXQAqODffB1fh85gIXe429azpRRCF9Cq362bYD0zsL2rlMU6lpbXoAJ2xuoDCYkwMGwUvYYMCTezPvwSq5LcAJhpfH6dXuRSOxOHBcyK1+9lVAlGzHk1vpPUZ8JxOvQhn7XP6aeTCeeMkrOwJO4SLBVxN9Pk/Y3huuZ5ZZ58Xn4wUTFzWWskyzCs+Ap7sms+OfqKhlFbwiivabia6D+ZHyeYjdhRnfNcEkh/8WmqS4BCaIUpmfBVmQTKF9nHVrd0T4NxFbedfEnkboYP3U1bY26vuldU9PnwrRXskM73zA6c2sBXv10ypeH2Skn3DbUe/ln8uEp5Ingo0Ze2zTYbkSTKGgV1Wh6/2LH8ZbFHhxt3/xe/ouxllej/4fLdegozCCv52iDZV8opM7UfNUUTdxFk5r3X1UplLLSI+9oN9RuTL1d0M9229BwI0xgGC+CvMb0nICTiSvj3q10BLgg9ZMExfjUrjIniRVb5v81tvFbh9ENhA7gIyYJIeHwfyzm8QG8SHFQKbuXn4RJjdJ9WBalbYlS0GBAgtV+nOvOBeaqucpRLO7BSw4eFOPs3wow==",
                            "username": "thomasalanlee"
                        },
                        "meta": {},
                        "tainted": false
                    },
                    "deposed": [],
                    "provider": "provider.github"
                },
                "github_membership.org_membership": {
                    "type": "github_membership",
                    "depends_on": [],
                    "primary": {
                        "id": "alphagov:thomasalanlee",
                        "attributes": {
                            "etag": "W/\"d2f8a78c0fdcdb9e2e8505b1e66f97b6\"",
                            "id": "alphagov:thomasalanlee",
                            "role": "admin",
                            "username": "thomasalanlee"
                        },
                        "meta": {},
                        "tainted": false
                    },
                    "deposed": [],
                    "provider": "provider.github"
                },
                "github_team_membership.team_membership.0": {
                    "type": "github_team_membership",
                    "depends_on": [],
                    "primary": {
                        "id": "2826122:thomasalanlee",
                        "attributes": {
                            "etag": "W/\"b401ac2f1e6a012b61f8535cb9a0e286\"",
                            "id": "2826122:thomasalanlee",
                            "role": "maintainer",
                            "team_id": "2826122",
                            "username": "thomasalanlee"
                        },
                        "meta": {},
                        "tainted": false
                    },
                    "deposed": [],
                    "provider": "provider.github"
                },
                "github_team_membership.team_membership.1": {
                    "type": "github_team_membership",
                    "depends_on": [],
                    "primary": {
                        "id": "2826127:thomasalanlee",
                        "attributes": {
                            "etag": "W/\"e597f48ebe133a4509b517cc797fa15a\"",
                            "id": "2826127:thomasalanlee",
                            "role": "maintainer",
                            "team_id": "2826127",
                            "username": "thomasalanlee"
                        },
                        "meta": {},
                        "tainted": false
                    },
                    "deposed": [],
                    "provider": "provider.github"
                },
                "github_team_membership.team_membership.2": {
                    "type": "github_team_membership",
                    "depends_on": [],
                    "primary": {
                        "id": "2826126:thomasalanlee",
                        "attributes": {
                            "etag": "W/\"7a5484a8da89a402b70c2470646fbac2\"",
                            "id": "2826126:thomasalanlee",
                            "role": "maintainer",
                            "team_id": "2826126",
                            "username": "thomasalanlee"
                        },
                        "meta": {},
                        "tainted": false
                    },
                    "deposed": [],
                    "provider": "provider.github"
                },
                "github_team_membership.team_membership.3": {
                    "type": "github_team_membership",
                    "depends_on": [],
                    "primary": {
                        "id": "2826121:thomasalanlee",
                        "attributes": {
                            "etag": "W/\"a08350ab36dbb9daac5480702ff83161\"",
                            "id": "2826121:thomasalanlee",
                            "role": "maintainer",
                            "team_id": "2826121",
                            "username": "thomasalanlee"
                        },
                        "meta": {},
                        "tainted": false
                    },
                    "deposed": [],
                    "provider": "provider.github"
                },
                "github_team_membership.team_membership.4": {
                    "type": "github_team_membership",
                    "depends_on": [],
                    "primary": {
                        "id": "2826120:thomasalanlee",
                        "attributes": {
                            "etag": "W/\"d42622742df2d0a91c76bd90d33a4f2b\"",
                            "id": "2826120:thomasalanlee",
                            "role": "maintainer",
                            "team_id": "2826120",
                            "username": "thomasalanlee"
                        },
                        "meta": {},
                        "tainted": false
                    },
                    "deposed": [],
                    "provider": "provider.github"
                },
                "github_team_membership.team_membership.5": {
                    "type": "github_team_membership",
                    "depends_on": [],
                    "primary": {
                        "id": "2826123:thomasalanlee",
                        "attributes": {
                            "etag": "W/\"d66bcbb3748b0531b0d866998f3b9abd\"",
                            "id": "2826123:thomasalanlee",
                            "role": "maintainer",
                            "team_id": "2826123",
                            "username": "thomasalanlee"
                        },
                        "meta": {},
                        "tainted": false
                    },
                    "deposed": [],
                    "provider": "provider.github"
                },
                "github_team_membership.team_membership.6": {
                    "type": "github_team_membership",
                    "depends_on": [],
                    "primary": {
                        "id": "2826125:thomasalanlee",
                        "attributes": {
                            "etag": "W/\"4680e7ad5e9cccff08c57d67fcd761b0\"",
                            "id": "2826125:thomasalanlee",
                            "role": "maintainer",
                            "team_id": "2826125",
                            "username": "thomasalanlee"
                        },
                        "meta": {},
                        "tainted": false
                    },
                    "deposed": [],
                    "provider": "provider.github"
                },
                "github_team_membership.team_membership.7": {
                    "type": "github_team_membership",
                    "depends_on": [],
                    "primary": {
                        "id": "2915520:thomasalanlee",
                        "attributes": {
                            "etag": "W/\"f0eef88d8d54ea3e0367601e45a2a2b0\"",
                            "id": "2915520:thomasalanlee",
                            "role": "maintainer",
                            "team_id": "2915520",
                            "username": "thomasalanlee"
                        },
                        "meta": {},
                        "tainted": false
                    },
                    "deposed": [],
                    "provider": "provider.github"
                },
                "github_team_membership.team_membership.8": {
                    "type": "github_team_membership",
                    "depends_on": [],
                    "primary": {
                        "id": "2826124:thomasalanlee",
                        "attributes": {
                            "etag": "W/\"68f63b25a9113f57d48af3abcf9caf3e\"",
                            "id": "2826124:thomasalanlee",
                            "role": "maintainer",
                            "team_id": "2826124",
                            "username": "thomasalanlee"
                        },
                        "meta": {},
                        "tainted": false
                    },
                    "deposed": [],
                    "provider": "provider.github"
                },
                "github_team_membership.team_membership.9": {
                    "type": "github_team_membership",
                    "depends_on": [],
                    "primary": {
                        "id": "2915524:thomasalanlee",
                        "attributes": {
                            "etag": "W/\"93858caff7fd35e34bf42db166c589be\"",
                            "id": "2915524:thomasalanlee",
                            "role": "maintainer",
                            "team_id": "2915524",
                            "username": "thomasalanlee"
                        },
                        "meta": {},
                        "tainted": false
                    },
                    "deposed": [],
                    "provider": "provider.github"
                }
            },
            "depends_on": []
        },
        {
            "path": [
                "root",
                "user_tlwr"
            ],
            "outputs": {},
            "resources": {
                "data.github_user.user": {
                    "type": "github_user",
                    "depends_on": [],
                    "primary": {
                        "id": "1482692",
                        "attributes": {
                            "avatar_url": "https://avatars2.githubusercontent.com/u/1482692?v=4",
                            "bio": "☁️ @ gds",
                            "blog": "https://www.toby.codes",
                            "company": "@alphagov",
                            "email": "toby@toby.codes",
                            "followers": "50",
                            "following": "79",
                            "gpg_keys.#": "1",
                            "gpg_keys.0": "xsFNBFnNBIkBEADKCOZV4iP35k4kTpVVtyu5Qv4D8dbXutDhZu7o/Kd3ukLeQigGPXKygYoaUf8MvLKyZRzNSCDwbtDKI58axPxHaDeys3Yflc3201dqymJWaicGG7GlgkcUjItmUs8i9kgWJL7olL2I96a/Gp2kwCMnCGXcn8mkuXDlyJcvJQRwtnYeDWU6n5wlgvIIZ3jivRnznaJEQlKvJ7k5nWSHK2/sgTjeVVGbYcAThcSY17efCbhMWvzjXXka2EanlVwd/xWW4E/cu5SIcvmqAy9NUTPzomFjkoOA4yuo/VGDttpWhLj0Va09hWAaVDTrEQNWiWAQ03R/6l9kwFEmG0iwK/UC3zFzbPmWpOcLbaFX20aRS+mYDp6Q5QPVPnmGaN+HXDq1diazmsPf3VUHPWv1/VHoMj4KXi/cjEMo6/9jwAicWVn25A2CKRNUc6sSKlzGL0CtfIkJUCmbUSUNiB/bJfShjHjUlnbKVovZfFeRYXWHMQhJlaOObYo+HoY7wOwixdEsvu5VoA0/aKM2BLlfWQtdL8aNiUlXvtgusu5kBKoyTT7dJD7KLBfUCoMNQtuBFCdXmeCkxD/1HYfZMTO5MA/VFB7zmYpRyUXGEtGhWirMmzdogeZC2aqEbOh62Az2O9Xn3sWONFzvbFTZTDbFW5Q1vnjc8AJdZwSKhHfuz//kdwARAQAB",
                            "gravatar_id": "",
                            "id": "1482692",
                            "location": "London",
                            "login": "tlwr",
                            "name": "Toby Lorne",
                            "public_gists": "3",
                            "public_repos": "21",
                            "site_admin": "false",
                            "ssh_keys.#": "3",
                            "ssh_keys.0": "ssh-rsa AAAAB3NzaC1yc2EAAAADAQABAAACAQDUl6BPP1zkdT+gUdm51s8pIxaozKW4C027rexuHHzmr94IX6Qcv2Yldt0hqilqk7KQe5zQKAap4FhjG1ymdr23ze2MIaSGdLEqj+7oxhykzJOZDrcOZsrau0KSusFn8AuTryb9bdhQgf7XQ97I91lL/JgLTgov6laSSZQLDHVnqTOYua0QC0Qr4fqjKyCJr2QRJ/CS2qZeujZUXKe888pPYjfxCMK+47QiJpXHxb2H3BfWwRvSoLMTvL7GEFXNoQp1F9Ke92EYpoWTseFy7nIkAz8OIadTPeJlLGEK0D5gZds63nJrIxHDwXCiiLOM9FIqW3c2H9QMi4zEX1lkn++E3zygfF7QTeYlcMvPUJuThmKROYchkuIR0OOzIAqQPSyjXp8y5SaS1gxjzfT5pcyu4cfSoTMKZnQzxx5mu9kY429HeDmU6BBsSvBB3HgSG60xQSrrKY3kGYHdl12gYjwo/FO1I45bpbsY7ZzKtj6yK3paEA+n+dtplvLddD/5rKiFaqkP775kz6F+/DA5OY9mUnfPpoAPtuoU+qP72gLVh0hm6a+FFC1ZXibnIN1RggTD8R6CA8/i8HlwTDxaptUsN0r229Bzb/XdkdOLzPYxHoSdW2iJd44b0XfebCRlZMTVM9FP12hnWQo8sUjNnN0HKI83riO2K/QsVQXEtDNtSw==",
                            "ssh_keys.1": "ssh-rsa AAAAB3NzaC1yc2EAAAADAQABAAACAQDDB1eukB2gsbFOFMyYlNF7bqJrT8QF/cjDZ1tRvFyNJuqqkUDGHaMjongZ265xd+1vuPtFPEDCR7zF4YW1v39Dgf2QJD4UP2/Zyf7Wg0C7gB9iRg+bDguNmkMheKufFH9SIz0PuX6S0UBGPfSd2Q2uxR9MArTHQhBMAqaHSG42m/9w3BWv7JvJ5mxHTSWxVxEEbHUlK8ZVzsh5xt57uggG5Um4Jhls2mU4zR7P8zRkDfc6+ytojzZnrX8SFY/afu7b+tsxUEhkdpVrhq08Sx0HL2toGk4Kap8REYEMP8/EDFz9z3JxzVmB/LoAPUq87sJT4Mtmg0qexEty7PpSZti+Zz4pEuFM4SzK9Ty9A63PiVVf6ebaRe7bjM1WZsgfVFmTJhjZsbVoLeUKCZPkitWZFA+/kP7wK2g8g1NAd3HrM73q2i6o9luDDJqUlnLtDNf6u3znkbfmsIBko4WPCZB8oInYP+DgQ4yhpF9Au3nZIzmfNYW73qBKxTEgUhbI+h16zwsMr0TQ2o6nR3hZsRtIX/jGlSCj3+Rv36WL+Bga+fHW3QnwzLltk6wPQxWEA7Iyi+Ukulc7lAXqKOossMJQWHpgc6LkjJjUORQKqAVfwSTQFNB8WS9abAtgZwjjtJsDP9XmWABW5EDmQFuLq+5uCSzhc9iEA3DVi7hNj2L+yw==",
                            "ssh_keys.2": "ssh-rsa AAAAB3NzaC1yc2EAAAADAQABAAACAQDDFBXMDp6M7oo/2xQWgJIuAat9nMj5U1faZ8bAKTv0FkysBRWXPyr3DjkyJBjB9ScgmY8DHQOnxwiNn4mKDyD2niiFiVNtkYd06+/OaT1BtoM0H9ScUCOg6KEV7sywFdIpdaxl3GuA3wNTMVsjfwxaiSst+4+6aDIsq5hF657u5PuJntDNTXUfnH+7dCYJqSjWeaWktRDJQsHJchGNrzwudJGlyfQZ8cjHx9bSMkADkvZwriu2GKYvl8FZNDbix8v/d3/sNPGMH5LrwQNVIH1HZ9dZFj/lveFqQx1ayRLJotBx9nS3sl7XDsrlHgdKjVmWYdNiP6O3mU3BRnq/2je2BiCQNdEAmKPFGceV08ZjcnwUKY+PqJwtICwFNDkKD8ssbGovqbixpkFDudLwJ3JTM6ROocrFtcmC+PQvSSLSpqNlOr9JImGI6CqZqaAZHrlv/A2A+wcaFmbjdVguQXI8DzDzoE9BMIJ3Eg0INVPCiLybU/UFxGF5yrtihGeTzykYhjKyGMpsuHyuyZQfXYtP+tnajFXonnHJd86UReCoaFpy1f91x96jStLAAk3mqhq21Dp6TiEN/R2/pZW4AwUd7m4Gnuif8ovCayBrnHjPNNr4FL/Vj4arxYyTdJPInweIoCXuq5NPPVHuxn89D3lZIGcNvFygQebxfGvwe69QJQ==",
                            "username": "tlwr"
                        },
                        "meta": {},
                        "tainted": false
                    },
                    "deposed": [],
                    "provider": "provider.github"
                },
                "github_membership.org_membership": {
                    "type": "github_membership",
                    "depends_on": [],
                    "primary": {
                        "id": "alphagov:tlwr",
                        "attributes": {
                            "etag": "W/\"ec7fc1286a192df78e9287ce42911ef4\"",
                            "id": "alphagov:tlwr",
                            "role": "member",
                            "username": "tlwr"
                        },
                        "meta": {},
                        "tainted": false
                    },
                    "deposed": [],
                    "provider": "provider.github"
                },
                "github_team_membership.team_membership.0": {
                    "type": "github_team_membership",
                    "depends_on": [],
                    "primary": {
                        "id": "2826127:tlwr",
                        "attributes": {
                            "etag": "W/\"f362e37cfa345819fb30c6775728234d\"",
                            "id": "2826127:tlwr",
                            "role": "member",
                            "team_id": "2826127",
                            "username": "tlwr"
                        },
                        "meta": {},
                        "tainted": false
                    },
                    "deposed": [],
                    "provider": "provider.github"
                },
                "github_team_membership.team_membership.1": {
                    "type": "github_team_membership",
                    "depends_on": [],
                    "primary": {
                        "id": "2826126:tlwr",
                        "attributes": {
                            "etag": "W/\"4040cee67dc34443e3b61ef0d1475bb3\"",
                            "id": "2826126:tlwr",
                            "role": "member",
                            "team_id": "2826126",
                            "username": "tlwr"
                        },
                        "meta": {},
                        "tainted": false
                    },
                    "deposed": [],
                    "provider": "provider.github"
                },
                "github_team_membership.team_membership.2": {
                    "type": "github_team_membership",
                    "depends_on": [],
                    "primary": {
                        "id": "2826120:tlwr",
                        "attributes": {
                            "etag": "W/\"4ce2693c40fb39cb343bf26874759457\"",
                            "id": "2826120:tlwr",
                            "role": "member",
                            "team_id": "2826120",
                            "username": "tlwr"
                        },
                        "meta": {},
                        "tainted": false
                    },
                    "deposed": [],
                    "provider": "provider.github"
                },
                "github_team_membership.team_membership.3": {
                    "type": "github_team_membership",
                    "depends_on": [],
                    "primary": {
                        "id": "2826125:tlwr",
                        "attributes": {
                            "etag": "W/\"d305ae613b0a75c6f680efa44053c1e3\"",
                            "id": "2826125:tlwr",
                            "role": "member",
                            "team_id": "2826125",
                            "username": "tlwr"
                        },
                        "meta": {},
                        "tainted": false
                    },
                    "deposed": [],
                    "provider": "provider.github"
                },
                "github_team_membership.team_membership.4": {
                    "type": "github_team_membership",
                    "depends_on": [],
                    "primary": {
                        "id": "2915524:tlwr",
                        "attributes": {
                            "etag": "W/\"f068505deb16e5be38f488918145cafe\"",
                            "id": "2915524:tlwr",
                            "role": "member",
                            "team_id": "2915524",
                            "username": "tlwr"
                        },
                        "meta": {},
                        "tainted": false
                    },
                    "deposed": [],
                    "provider": "provider.github"
                }
            },
            "depends_on": []
        },
        {
            "path": [
                "root",
                "user_vixus0"
            ],
            "outputs": {},
            "resources": {
                "data.github_user.user": {
                    "type": "github_user",
                    "depends_on": [],
                    "primary": {
                        "id": "2650888",
                        "attributes": {
                            "avatar_url": "https://avatars1.githubusercontent.com/u/2650888?v=4",
                            "bio": "",
                            "blog": "",
                            "company": "",
                            "email": "",
                            "followers": "6",
                            "following": "3",
                            "gpg_keys.#": "0",
                            "gravatar_id": "",
                            "id": "2650888",
                            "location": "UK",
                            "login": "vixus0",
                            "name": "Anshul Sirur",
                            "public_gists": "5",
                            "public_repos": "40",
                            "site_admin": "false",
                            "ssh_keys.#": "6",
                            "ssh_keys.0": "ssh-rsa AAAAB3NzaC1yc2EAAAADAQABAAABAQCxpNurqxJPlwzKiZ/MCsCgqjLMIWA1HHw1Wws6nqG9+OjiC5BtIUytuxAhFLfJdX75zUDNV25RmHmHFP/QmkX/o/zPX0Y3wAZxwkdrc/WJdviha+6dO57mowxhhZ1HUTMQjIW3ieVsYTi8ABbGQz4xc/08XkPYHSuXLgur44wvUSMkE0Rzvf/iJUf09KgKW/B0ICg0laAjKBcwIBt9TXIf2EQm3B0tN1eNBTWjq+k/W7ZALQpq+r0GqVE6Kk9Im8iLJ729jAIorY0rGMv7zx6c1PsTygtjr0hIHMDf4/2h1YICtUqih6rjGlKlO9D1sDeN2nXxGKsjpwb71G58ED3D",
                            "ssh_keys.1": "ssh-rsa AAAAB3NzaC1yc2EAAAADAQABAAACAQC7wvEhheQmuYPrp99bD7Ra5C7jRjwmmmkD9hO/R/HA5MAeea8sTXEJDtqTr8m7TF2Yu9yq1BRprKG3v/oIsB1faIKDfRhsdCWOXR2GmxIodyoizE7BsmxWXRzv1Yo5zGFZiQEvwJOMaOiHLUyiujR8aO1S5dRsWuRQQKol8WqytM5vinLWzt3Cmoii/Q6c+bOhEyMzwzJKXgWUwmnbljL3aWgjdsRy+PUofUhwA3wb3U0IUfVHzmBvH50wbLg9nVGL9v2f5+lQ0m1nIIEp2LcxLBopMaGTkFq4ShxbX+awQYXuxqnH51LBtycM1kb1VK0WWrPSnH0yoJDgqhreFUXV4ptM4tiiyPqzZy9cjNkKn2u5YHUs3h7ZG8Gjdcj/PPnhoM5KalYQM1jMEfuwOjUYnvrxooy8WcIt0jGUwp8gHiCyDpWrrNYzADWaR2u5QR0yG+1aYsGpYeBgq0nt3lxSi2FvWjlrSMJOdII3osqG0bgT+6T8IwiWki9ESlrGTJZO/PjwL4KjdF9+CAYaPCrzbeVvX1oKrhtv8yZX6nYiYsqVKVOJo3tCe2nnOKaG+uWkb6WB9wRxl399r031XHOHgYk8xKuf4pZhRQiVp3SwEqWSzd/LV22RX3EblW6dZtScOxUjfcVd/UvslLCLkJOK4zy/orOod5j4E7/tDP5TrQ==",
                            "ssh_keys.2": "ssh-rsa AAAAB3NzaC1yc2EAAAADAQABAAACAQC5xbODwIYM8hMT74n4/4pXr4n34nczhwD2OSXOgkuSMSjUDgUDDFDsEZ5tXZNWHE2SREO52KqD0E1Czgo4YiBvscZ4FnAMg2hjXj9EbyjxyNDBdipmjw/fWeQ9iVLpzIjzVCFhdtKJsw0qvVhh44pqm7fMbpaSvhsLMoWX7xjG3fRXWmJKFPmO+nbpi/OVnxT2LSu7BlUj0pzNsvsTJ42keiVepS3XZhcHM7+H8wItjr7vPYEDfJh5eDPIZ7GHVmDI3PZbCYhvsT8tm8FPb7F3HnK3BXVJPw4opj/NH0Iums41YshFgsk0aw6wfW2+juOamV99oojLzbgN9PvZgkh4AaJ3jFzFbEbNGe4NCXlvkNBaaeTF8FAhUgU6Ll7D/eVVScDxXrqTA6uc90G1w/HCscEiqiSrE87KgV9wT+NmmJWCISmX0s7YtwshpMEkY6RxFy1wP08oxk6WQKhJpJ1zBcblvLtW+W1skVYkrleoa5sQ+a0n1eePsOfEZwOwI4mPeyn1CRZj3uYLPQDNbsk/cWdJ6OisWBIMLUYiWf5FGKUjzv3LeSwvreQ62LKvpVrP03EKIgN851LWJAByDB9ClAH03/Lpu/0fuQLJBunG6ubDOx5P6pLAZsvt3Vgu23RRGroS57/sMVhEBYElN2Pj67eJCBJgnNBye5G+QWWhwQ==",
                            "ssh_keys.3": "ssh-rsa AAAAB3NzaC1yc2EAAAADAQABAAABAQCpsOyKKY5jcpPsowb9Mai6ua/bcFZ/hOQxSdEo0r2M6QRvEozkN0HfbtKwuizk3OE8SpXodQYd5/y5+caBToNqaOAp4cpV43R2glLKzgbBNCsJ1HhpU4qD37CVM/uf+law/UjtGoid8056074+UoLUU7fHeWWFR7ZjO6F96d7lkM526FrZXZsg7GzMxVD4AqFMfLcfkmzrWJhzcXXXL8xljrhgwpfnjdTzRPpW17VHT1YD2ZTsivyK4lTJGjVbBvU3887Ad0RBLTyogxwkh/9dnWCLQJliLT1gUIn4Nf99fyqLy3OqFkpGyaGxgOlTjcE+JtGcMhCsZMlMGFUCHfXT",
                            "ssh_keys.4": "ssh-rsa AAAAB3NzaC1yc2EAAAADAQABAAABAQCmEh/f9K+ao7czSsLOxD2fnUZa3YbtmCNm+KrUnz5eh+mU2RlXb+CdGI/mcn9AHx06F1ViEzuogP7GTeJsxniHR7l38b+P4Q0jYbtmLn4/Br285O20s35Vj8UAyD82DU0UslHtkxwuizincZmEJy6Ow3KC5aAK0YNV6nnb6mndOyYPC5oB0A6XyVnbIQgg9TsOGzLkbwQGy4p+GCOUCBvVb3HlkQSBFQrUuE2ZbTlx6hjttzgIj+pYG/sQnaROMXd3wwOnXer2DrXxqU7NGhCdXjUR3Z/pU3f6j/exTvEULi/MrMLaY4nDBUbjEFIxpkYTdKuHO0lYTsUX5lMh5Alf",
                            "ssh_keys.5": "ssh-rsa AAAAB3NzaC1yc2EAAAADAQABAAACAQDJlDs80WqzXeRVV3ed7/1KVnBF2qrWxeyQuBl/GOUzDL693objfj4QvJYxr3A5eVhJ4zWU3nVw23iR82t3RitO2whc4zB+QVZZcr7kBR7Si9b8nqC37OQpcvX15B/+1rxa0n0HfItZ18gRmvJ9cnBixCVF8YRqK+B9mHkEqjV1yEkQd5bk4SLaHmmfCHJlNvaBoEzR4P4ssCr8FfPQRu3ZskzzwMIwuRE8ZzZzpnDXZ/o6+suP5+YzjSl/PhfqJGKTgS10yurQRNj7FRSCyTAJFMAACDF+7/O+INEeWY9P9ixId0H/p05VbkQ9p1Y9Nyo+uPW1pE0I1OCbVqMICtqgQL2EW0EecoJUwgQ0ulmt/+Zh2rnSSZTb6XbhH+qPTsrLoWoO6F9NwPO/n3tHY8PSbO5lp2+T3lD/faAk/wc8Or09c9TO5R7KupIHuBJa+tRmnSdKK+zxz23jdjUf1hl58pNA+4p6RETERSW0Z8rJChN41MU+Zcn2pVxAJ7AgAW/T9XmgYd4lmy4P7lpvyPK2PE9LaZRqCXA3QGBLj4LLd2rwt93He4a9DNsgouLvQtZFvk1joLbh+HN8m1FaEBqutHPD66WGSOe099pTCDLECYdR1zs9f782wydMICItzdPVmQpjI3TAMSncOhASS6yR8drj6NZwcAZ3Q3yqxMqDXw==",
                            "username": "vixus0"
                        },
                        "meta": {},
                        "tainted": false
                    },
                    "deposed": [],
                    "provider": "provider.github"
                },
                "github_membership.org_membership": {
                    "type": "github_membership",
                    "depends_on": [],
                    "primary": {
                        "id": "alphagov:vixus0",
                        "attributes": {
                            "etag": "W/\"f16d076698ef1b2d9a4dd0946d8b69de\"",
                            "id": "alphagov:vixus0",
                            "role": "admin",
                            "username": "vixus0"
                        },
                        "meta": {},
                        "tainted": false
                    },
                    "deposed": [],
                    "provider": "provider.github"
                },
                "github_team_membership.team_membership.0": {
                    "type": "github_team_membership",
                    "depends_on": [],
                    "primary": {
                        "id": "2826122:vixus0",
                        "attributes": {
                            "etag": "W/\"bca4f9b242f6aea7ebb3a02a1996ddb2\"",
                            "id": "2826122:vixus0",
                            "role": "maintainer",
                            "team_id": "2826122",
                            "username": "vixus0"
                        },
                        "meta": {},
                        "tainted": false
                    },
                    "deposed": [],
                    "provider": "provider.github"
                },
                "github_team_membership.team_membership.1": {
                    "type": "github_team_membership",
                    "depends_on": [],
                    "primary": {
                        "id": "2826127:vixus0",
                        "attributes": {
                            "etag": "W/\"708ceb463b325320a6c64459c0a024fc\"",
                            "id": "2826127:vixus0",
                            "role": "maintainer",
                            "team_id": "2826127",
                            "username": "vixus0"
                        },
                        "meta": {},
                        "tainted": false
                    },
                    "deposed": [],
                    "provider": "provider.github"
                },
                "github_team_membership.team_membership.2": {
                    "type": "github_team_membership",
                    "depends_on": [],
                    "primary": {
                        "id": "2826126:vixus0",
                        "attributes": {
                            "etag": "W/\"77b687a09e6f56c0a6cfd1cac9fe4526\"",
                            "id": "2826126:vixus0",
                            "role": "maintainer",
                            "team_id": "2826126",
                            "username": "vixus0"
                        },
                        "meta": {},
                        "tainted": false
                    },
                    "deposed": [],
                    "provider": "provider.github"
                },
                "github_team_membership.team_membership.3": {
                    "type": "github_team_membership",
                    "depends_on": [],
                    "primary": {
                        "id": "2826121:vixus0",
                        "attributes": {
                            "etag": "W/\"9f45d348347f52989f924d0a46f8ee58\"",
                            "id": "2826121:vixus0",
                            "role": "maintainer",
                            "team_id": "2826121",
                            "username": "vixus0"
                        },
                        "meta": {},
                        "tainted": false
                    },
                    "deposed": [],
                    "provider": "provider.github"
                },
                "github_team_membership.team_membership.4": {
                    "type": "github_team_membership",
                    "depends_on": [],
                    "primary": {
                        "id": "2826120:vixus0",
                        "attributes": {
                            "etag": "W/\"eb587f2e161644dada8405b18b69db5e\"",
                            "id": "2826120:vixus0",
                            "role": "maintainer",
                            "team_id": "2826120",
                            "username": "vixus0"
                        },
                        "meta": {},
                        "tainted": false
                    },
                    "deposed": [],
                    "provider": "provider.github"
                },
                "github_team_membership.team_membership.5": {
                    "type": "github_team_membership",
                    "depends_on": [],
                    "primary": {
                        "id": "2826123:vixus0",
                        "attributes": {
                            "etag": "W/\"a2649edab958b177c9f301fc185895c8\"",
                            "id": "2826123:vixus0",
                            "role": "maintainer",
                            "team_id": "2826123",
                            "username": "vixus0"
                        },
                        "meta": {},
                        "tainted": false
                    },
                    "deposed": [],
                    "provider": "provider.github"
                },
                "github_team_membership.team_membership.6": {
                    "type": "github_team_membership",
                    "depends_on": [],
                    "primary": {
                        "id": "2826125:vixus0",
                        "attributes": {
                            "etag": "W/\"5f77a37ef57986b91686cbb125c2b7a9\"",
                            "id": "2826125:vixus0",
                            "role": "maintainer",
                            "team_id": "2826125",
                            "username": "vixus0"
                        },
                        "meta": {},
                        "tainted": false
                    },
                    "deposed": [],
                    "provider": "provider.github"
                },
                "github_team_membership.team_membership.7": {
                    "type": "github_team_membership",
                    "depends_on": [],
                    "primary": {
                        "id": "2915520:vixus0",
                        "attributes": {
                            "etag": "W/\"f4266106d2da06e7a36df9a578e8089a\"",
                            "id": "2915520:vixus0",
                            "role": "maintainer",
                            "team_id": "2915520",
                            "username": "vixus0"
                        },
                        "meta": {},
                        "tainted": false
                    },
                    "deposed": [],
                    "provider": "provider.github"
                },
                "github_team_membership.team_membership.8": {
                    "type": "github_team_membership",
                    "depends_on": [],
                    "primary": {
                        "id": "2826124:vixus0",
                        "attributes": {
                            "etag": "W/\"da343c9c23a1f4187d07a899b7a8d1d7\"",
                            "id": "2826124:vixus0",
                            "role": "maintainer",
                            "team_id": "2826124",
                            "username": "vixus0"
                        },
                        "meta": {},
                        "tainted": false
                    },
                    "deposed": [],
                    "provider": "provider.github"
                },
                "github_team_membership.team_membership.9": {
                    "type": "github_team_membership",
                    "depends_on": [],
                    "primary": {
                        "id": "2915524:vixus0",
                        "attributes": {
                            "etag": "W/\"dc585099479f8918b249526d16bbd368\"",
                            "id": "2915524:vixus0",
                            "role": "maintainer",
                            "team_id": "2915524",
                            "username": "vixus0"
                        },
                        "meta": {},
                        "tainted": false
                    },
                    "deposed": [],
                    "provider": "provider.github"
                }
            },
            "depends_on": []
        },
        {
            "path": [
                "root",
                "user_zilnhoj"
            ],
            "outputs": {},
            "resources": {
                "data.github_user.user": {
                    "type": "github_user",
                    "depends_on": [],
                    "primary": {
                        "id": "1894097",
                        "attributes": {
                            "avatar_url": "https://avatars2.githubusercontent.com/u/1894097?v=4",
                            "bio": "",
                            "blog": "",
                            "company": "",
                            "email": "",
                            "followers": "0",
                            "following": "3",
                            "gpg_keys.#": "0",
                            "gravatar_id": "",
                            "id": "1894097",
                            "location": "",
                            "login": "zilnhoj",
                            "name": "",
                            "public_gists": "3",
                            "public_repos": "19",
                            "site_admin": "false",
                            "ssh_keys.#": "1",
                            "ssh_keys.0": "ssh-rsa AAAAB3NzaC1yc2EAAAADAQABAAACAQDQUZi8k/RCYY5kyzWPDyQL/H1DxrVz/AwGVqw4UHGfiZzSLF8pi4tI2sKSAbI0/6sGOeK+zQfQI1DJkHI4CVi4wHC+Rk4qnON9LFOjkq1ZDL4fa20SY4aEdPe3GyjqleInWuLu2+T1W+yReh3YoQYE164ou9jRwa+h2AqRUGL521TyoLXCBKYtABfN0biRFS6EQBmRiYNraeELT486vASKnWDdhEYq4norwkuUz6h9p5SdxqHMdvMY/aGHOoAi+Y2HO3KYbN5HLjQ8zP3/+5IPwp3RSpFa9s8rWYui1F+AthyqU24KCm2C2DugOiYSx83aaspacE/VcFAisMEH+LqiSyIN81lHYX60TJ/54Z+wagc9/HB54VkcuvNSACdl8vflWSEDE84LU0iI2YMjqDV1hJ7YT/KX5Sk1575wtjidW2aWlp7SXkf/j1idYMPr00YyVD9tyce6PbXPGDDv7JUnLG1m2gu5W2D6kPI+Cl79HCj/0KuhN1vqEs9lxUF5t308XZKyarjbTmZlr5U3Rh2TGINdhi6TztLuyM3KoUIMA1XBqEIpI/u+gw1jTFDonayU7ZpkerAeQUHyW/zn3a3OBDBRlP56TMCoBNgPRagZLSoYg3+5F8SV7S+WdYmz59eHXaBTgSAmsgndDEH2UR7zAlfnZOq1SAKj0k9jw6bYQQ==",
                            "username": "zilnhoj"
                        },
                        "meta": {},
                        "tainted": false
                    },
                    "deposed": [],
                    "provider": "provider.github"
                },
                "github_membership.org_membership": {
                    "type": "github_membership",
                    "depends_on": [],
                    "primary": {
                        "id": "alphagov:zilnhoj",
                        "attributes": {
                            "etag": "W/\"06bec914f8a31e2c09cbca45c0930a83\"",
                            "id": "alphagov:zilnhoj",
                            "role": "member",
                            "username": "zilnhoj"
                        },
                        "meta": {},
                        "tainted": false
                    },
                    "deposed": [],
                    "provider": "provider.github"
                },
                "github_team_membership.team_membership": {
                    "type": "github_team_membership",
                    "depends_on": [],
                    "primary": {
                        "id": "2826124:zilnhoj",
                        "attributes": {
                            "etag": "W/\"246c4a167af729a6c9df64dceabf09d0\"",
                            "id": "2826124:zilnhoj",
                            "role": "member",
                            "team_id": "2826124",
                            "username": "zilnhoj"
                        },
                        "meta": {},
                        "tainted": false
                    },
                    "deposed": [],
                    "provider": "provider.github"
                }
            },
            "depends_on": []
        }
    ]
}
