{
    "version": 3,
    "terraform_version": "0.11.10",
    "serial": 102,
    "lineage": "7069a474-17af-c033-8243-ba2e55487134",
    "modules": [
        {
            "path": [
                "root"
            ],
            "outputs": {},
            "resources": {
                "data.github_team.connecting": {
                    "type": "github_team",
                    "depends_on": [],
                    "primary": {
                        "id": "2826127",
                        "attributes": {
                            "description": "Verify tech team: verify-tech-team-connecting",
                            "id": "2826127",
                            "members.#": "29",
                            "members.0": "galund",
                            "members.1": "phantas",
                            "members.10": "jkunle",
                            "members.11": "sakisv",
                            "members.12": "ronocg",
                            "members.13": "karlbaker02",
                            "members.14": "Rosa-Fox",
                            "members.15": "ida-build-bot",
                            "members.16": "smford",
                            "members.17": "blairboy362",
                            "members.18": "andy-paine",
                            "members.19": "RacingHippo",
                            "members.2": "ejrowley",
                            "members.20": "bravegrape",
                            "members.21": "jstandring-gds",
                            "members.22": "adityapahuja",
                            "members.23": "rhowe-gds",
                            "members.24": "AmritSidhu",
                            "members.25": "alan-gds",
                            "members.26": "matthewcullum-gds",
                            "members.27": "szd55gds",
                            "members.28": "parthagds",
                            "members.3": "chrisholmes",
                            "members.4": "thomasalanlee",
                            "members.5": "mmhmm",
                            "members.6": "tlwr",
                            "members.7": "vixus0",
                            "members.8": "robinmitra",
                            "members.9": "brenetic",
                            "name": "verify-tech-team-connecting",
                            "permission": "pull",
                            "privacy": "closed",
                            "slug": "verify-tech-team-connecting"
                        },
                        "meta": {},
                        "tainted": false
                    },
                    "deposed": [],
                    "provider": "provider.github"
                },
                "data.github_team.core_hub": {
                    "type": "github_team",
                    "depends_on": [],
                    "primary": {
                        "id": "2826122",
                        "attributes": {
                            "description": "Verify tech team: verify-tech-team-core-hub",
                            "id": "2826122",
                            "members.#": "30",
                            "members.0": "idrop",
                            "members.1": "46bit",
                            "members.10": "kerrr",
                            "members.11": "vixus0",
                            "members.12": "robinmitra",
                            "members.13": "brenetic",
                            "members.14": "nacnudus",
                            "members.15": "CharlesIC",
                            "members.16": "jkunle",
                            "members.17": "sakisv",
                            "members.18": "ronocg",
                            "members.19": "mikieet",
                            "members.2": "galund",
                            "members.20": "karlbaker02",
                            "members.21": "Rosa-Fox",
                            "members.22": "ida-build-bot",
                            "members.23": "chrisclayson",
                            "members.24": "smford",
                            "members.25": "blairboy362",
                            "members.26": "Wynndow",
                            "members.27": "andy-paine",
                            "members.28": "tomrosier",
                            "members.29": "RacingHippo",
                            "members.3": "samcrang",
                            "members.4": "phantas",
                            "members.5": "ejrowley",
                            "members.6": "chrisholmes",
                            "members.7": "thomasalanlee",
                            "members.8": "mmhmm",
                            "members.9": "tlwr",
                            "name": "verify-tech-team-core-hub",
                            "permission": "pull",
                            "privacy": "closed",
                            "slug": "verify-tech-team-core-hub"
                        },
                        "meta": {},
                        "tainted": false
                    },
                    "deposed": [],
                    "provider": "provider.github"
                },
                "data.github_team.dcs": {
                    "type": "github_team",
                    "depends_on": [],
                    "primary": {
                        "id": "2826126",
                        "attributes": {
                            "description": "Verify tech team: verify-tech-team-dcs",
                            "id": "2826126",
                            "members.#": "30",
                            "members.0": "idrop",
                            "members.1": "46bit",
                            "members.10": "vixus0",
                            "members.11": "robinmitra",
                            "members.12": "brenetic",
                            "members.13": "CharlesIC",
                            "members.14": "jkunle",
                            "members.15": "sakisv",
                            "members.16": "ronocg",
                            "members.17": "karlbaker02",
                            "members.18": "Rosa-Fox",
                            "members.19": "ida-build-bot",
                            "members.2": "galund",
                            "members.20": "smford",
                            "members.21": "blairboy362",
                            "members.22": "Wynndow",
                            "members.23": "andy-paine",
                            "members.24": "tomrosier",
                            "members.25": "RacingHippo",
                            "members.26": "bravegrape",
                            "members.27": "jstandring-gds",
                            "members.28": "adityapahuja",
                            "members.29": "benjamin-mortimer",
                            "members.3": "samcrang",
                            "members.4": "phantas",
                            "members.5": "ejrowley",
                            "members.6": "chrisholmes",
                            "members.7": "thomasalanlee",
                            "members.8": "mmhmm",
                            "members.9": "tlwr",
                            "name": "verify-tech-team-dcs",
                            "permission": "pull",
                            "privacy": "closed",
                            "slug": "verify-tech-team-dcs"
                        },
                        "meta": {},
                        "tainted": false
                    },
                    "deposed": [],
                    "provider": "provider.github"
                },
                "data.github_team.eidas_middleware": {
                    "type": "github_team",
                    "depends_on": [],
                    "primary": {
                        "id": "2826120",
                        "attributes": {
                            "description": "Verify tech team: verify-tech-team-eidas-middleware",
                            "id": "2826120",
                            "members.#": "27",
                            "members.0": "idrop",
                            "members.1": "46bit",
                            "members.10": "sakisv",
                            "members.11": "ronocg",
                            "members.12": "ida-build-bot",
                            "members.13": "smford",
                            "members.14": "blairboy362",
                            "members.15": "Wynndow",
                            "members.16": "andy-paine",
                            "members.17": "tomrosier",
                            "members.18": "jstandring-gds",
                            "members.19": "adityapahuja",
                            "members.2": "samcrang",
                            "members.20": "benjamin-mortimer",
                            "members.21": "rhowe-gds",
                            "members.22": "guruchand",
                            "members.23": "JHjava",
                            "members.24": "matthewcullum-gds",
                            "members.25": "dbes-gds",
                            "members.26": "szd55gds",
                            "members.3": "ejrowley",
                            "members.4": "chrisholmes",
                            "members.5": "thomasalanlee",
                            "members.6": "mmhmm",
                            "members.7": "tlwr",
                            "members.8": "vixus0",
                            "members.9": "CharlesIC",
                            "name": "verify-tech-team-eidas-middleware",
                            "permission": "pull",
                            "privacy": "closed",
                            "slug": "verify-tech-team-eidas-middleware"
                        },
                        "meta": {},
                        "tainted": false
                    },
                    "deposed": [],
                    "provider": "provider.github"
                },
                "data.github_team.eidas_notification": {
                    "type": "github_team",
                    "depends_on": [],
                    "primary": {
                        "id": "2826121",
                        "attributes": {
                            "description": "Verify tech team: verify-tech-team-eidas-notification",
                            "id": "2826121",
                            "members.#": "15",
                            "members.0": "idrop",
                            "members.1": "46bit",
                            "members.10": "tomrosier",
                            "members.11": "benjamin-mortimer",
                            "members.12": "guruchand",
                            "members.13": "JHjava",
                            "members.14": "dbes-gds",
                            "members.2": "samcrang",
                            "members.3": "chrisholmes",
                            "members.4": "thomasalanlee",
                            "members.5": "vixus0",
                            "members.6": "CharlesIC",
                            "members.7": "ida-build-bot",
                            "members.8": "Wynndow",
                            "members.9": "andy-paine",
                            "name": "verify-tech-team-eidas-notification",
                            "permission": "pull",
                            "privacy": "closed",
                            "slug": "verify-tech-team-eidas-notification"
                        },
                        "meta": {},
                        "tainted": false
                    },
                    "deposed": [],
                    "provider": "provider.github"
                },
                "data.github_team.frontend": {
                    "type": "github_team",
                    "depends_on": [],
                    "primary": {
                        "id": "2826123",
                        "attributes": {
                            "description": "Verify tech team: verify-tech-team-frontend",
                            "id": "2826123",
                            "members.#": "30",
                            "members.0": "idrop",
                            "members.1": "46bit",
                            "members.10": "brenetic",
                            "members.11": "nacnudus",
                            "members.12": "CharlesIC",
                            "members.13": "jkunle",
                            "members.14": "mikieet",
                            "members.15": "karlbaker02",
                            "members.16": "Rosa-Fox",
                            "members.17": "ida-build-bot",
                            "members.18": "chrisclayson",
                            "members.19": "Wynndow",
                            "members.2": "galund",
                            "members.20": "andy-paine",
                            "members.21": "tomrosier",
                            "members.22": "RacingHippo",
                            "members.23": "bravegrape",
                            "members.24": "benjamin-mortimer",
                            "members.25": "daniele-occhipinti",
                            "members.26": "AmritSidhu",
                            "members.27": "callumknights",
                            "members.28": "alan-gds",
                            "members.29": "jakubmiarka",
                            "members.3": "samcrang",
                            "members.4": "phantas",
                            "members.5": "chrisholmes",
                            "members.6": "thomasalanlee",
                            "members.7": "kerrr",
                            "members.8": "vixus0",
                            "members.9": "robinmitra",
                            "name": "verify-tech-team-frontend",
                            "permission": "pull",
                            "privacy": "closed",
                            "slug": "verify-tech-team-frontend"
                        },
                        "meta": {},
                        "tainted": false
                    },
                    "deposed": [],
                    "provider": "provider.github"
                },
                "data.github_team.infrastructure": {
                    "type": "github_team",
                    "depends_on": [],
                    "primary": {
                        "id": "2826125",
                        "attributes": {
                            "description": "Verify tech team: verify-tech-team-infrastructure",
                            "id": "2826125",
                            "members.#": "30",
                            "members.0": "idrop",
                            "members.1": "46bit",
                            "members.10": "tlwr",
                            "members.11": "kerrr",
                            "members.12": "vixus0",
                            "members.13": "robinmitra",
                            "members.14": "brenetic",
                            "members.15": "nacnudus",
                            "members.16": "CharlesIC",
                            "members.17": "jkunle",
                            "members.18": "sakisv",
                            "members.19": "stephengrier",
                            "members.2": "galund",
                            "members.20": "ronocg",
                            "members.21": "mikieet",
                            "members.22": "karlbaker02",
                            "members.23": "Rosa-Fox",
                            "members.24": "ida-build-bot",
                            "members.25": "chrisclayson",
                            "members.26": "smford",
                            "members.27": "blairboy362",
                            "members.28": "Wynndow",
                            "members.29": "andy-paine",
                            "members.3": "samcrang",
                            "members.4": "phantas",
                            "members.5": "philandstuff",
                            "members.6": "ejrowley",
                            "members.7": "chrisholmes",
                            "members.8": "thomasalanlee",
                            "members.9": "mmhmm",
                            "name": "verify-tech-team-infrastructure",
                            "permission": "pull",
                            "privacy": "closed",
                            "slug": "verify-tech-team-infrastructure"
                        },
                        "meta": {},
                        "tainted": false
                    },
                    "deposed": [],
                    "provider": "provider.github"
                },
                "data.github_team.performance_dev": {
                    "type": "github_team",
                    "depends_on": [],
                    "primary": {
                        "id": "2915520",
                        "attributes": {
                            "description": "Verify tech team: verify-tech-team-performance-dev",
                            "id": "2915520",
                            "members.#": "9",
                            "members.0": "galund",
                            "members.1": "phantas",
                            "members.2": "chrisholmes",
                            "members.3": "thomasalanlee",
                            "members.4": "vixus0",
                            "members.5": "robinmitra",
                            "members.6": "brenetic",
                            "members.7": "ida-build-bot",
                            "members.8": "andy-paine",
                            "name": "verify-tech-team-performance-dev",
                            "permission": "pull",
                            "privacy": "closed",
                            "slug": "verify-tech-team-performance-dev"
                        },
                        "meta": {},
                        "tainted": false
                    },
                    "deposed": [],
                    "provider": "provider.github"
                },
                "data.github_team.performance_pa": {
                    "type": "github_team",
                    "depends_on": [],
                    "primary": {
                        "id": "2826124",
                        "attributes": {
                            "description": "Verify tech team: verify-tech-team-performance-pa",
                            "id": "2826124",
                            "members.#": "9",
                            "members.0": "chrisholmes",
                            "members.1": "thomasalanlee",
                            "members.2": "zilnhoj",
                            "members.3": "vixus0",
                            "members.4": "AnneCarr",
                            "members.5": "ida-build-bot",
                            "members.6": "andy-paine",
                            "members.7": "sarah-dean",
                            "members.8": "Mariaslo",
                            "name": "verify-tech-team-performance-pa",
                            "permission": "pull",
                            "privacy": "closed",
                            "slug": "verify-tech-team-performance-pa"
                        },
                        "meta": {},
                        "tainted": false
                    },
                    "deposed": [],
                    "provider": "provider.github"
                },
                "data.github_team.tools": {
                    "type": "github_team",
                    "depends_on": [],
                    "primary": {
                        "id": "2915524",
                        "attributes": {
                            "description": "Verify tech team: verify-tech-team-tools",
                            "id": "2915524",
                            "members.#": "30",
                            "members.0": "idrop",
                            "members.1": "46bit",
                            "members.10": "kerrr",
                            "members.11": "vixus0",
                            "members.12": "robinmitra",
                            "members.13": "brenetic",
                            "members.14": "nacnudus",
                            "members.15": "CharlesIC",
                            "members.16": "jkunle",
                            "members.17": "sakisv",
                            "members.18": "ronocg",
                            "members.19": "mikieet",
                            "members.2": "galund",
                            "members.20": "karlbaker02",
                            "members.21": "Rosa-Fox",
                            "members.22": "ida-build-bot",
                            "members.23": "chrisclayson",
                            "members.24": "smford",
                            "members.25": "blairboy362",
                            "members.26": "Wynndow",
                            "members.27": "andy-paine",
                            "members.28": "tomrosier",
                            "members.29": "RacingHippo",
                            "members.3": "samcrang",
                            "members.4": "phantas",
                            "members.5": "ejrowley",
                            "members.6": "chrisholmes",
                            "members.7": "thomasalanlee",
                            "members.8": "mmhmm",
                            "members.9": "tlwr",
                            "name": "verify-tech-team-tools",
                            "permission": "pull",
                            "privacy": "closed",
                            "slug": "verify-tech-team-tools"
                        },
                        "meta": {},
                        "tainted": false
                    },
                    "deposed": [],
                    "provider": "provider.github"
                }
            },
            "depends_on": []
        },
        {
            "path": [
                "root",
                "mission_all"
            ],
            "outputs": {
                "teams": {
                    "sensitive": false,
                    "type": "list",
                    "value": [
                        "2826122",
                        "2826127",
                        "2826126",
                        "2826121",
                        "2826120",
                        "2826123",
                        "2826125",
                        "2915520",
                        "2826124",
                        "2915524"
                    ]
                }
            },
            "resources": {},
            "depends_on": []
        },
        {
            "path": [
                "root",
                "mission_connecting"
            ],
            "outputs": {
                "teams": {
                    "sensitive": false,
                    "type": "list",
                    "value": [
                        "2826122",
                        "2826127",
                        "2826126",
                        "2826123",
                        "2826125",
                        "2915524"
                    ]
                }
            },
            "resources": {},
            "depends_on": []
        },
        {
            "path": [
                "root",
                "mission_eidas"
            ],
            "outputs": {
                "teams": {
                    "sensitive": false,
                    "type": "list",
                    "value": [
                        "2826122",
                        "2826121",
                        "2826120",
                        "2826126",
                        "2826123",
                        "2826125",
                        "2915524"
                    ]
                }
            },
            "resources": {},
            "depends_on": []
        },
        {
            "path": [
                "root",
                "mission_optimising"
            ],
            "outputs": {
                "teams": {
                    "sensitive": false,
                    "type": "list",
                    "value": [
                        "2826122",
                        "2826123",
                        "2826125",
                        "2915524"
                    ]
                }
            },
            "resources": {},
            "depends_on": []
        },
        {
            "path": [
                "root",
                "mission_performance"
            ],
            "outputs": {
                "teams": {
                    "sensitive": false,
                    "type": "list",
                    "value": [
                        "2826122",
                        "2826127",
                        "2826126",
                        "2826123",
                        "2826125",
                        "2915520",
                        "2915524"
                    ]
                }
            },
            "resources": {},
            "depends_on": []
        },
        {
            "path": [
                "root",
                "mission_performance_pa"
            ],
            "outputs": {
                "teams": {
                    "sensitive": false,
                    "type": "list",
                    "value": [
                        "2826124"
                    ]
                }
            },
            "resources": {},
            "depends_on": []
        },
        {
            "path": [
                "root",
                "mission_re"
            ],
            "outputs": {
                "teams": {
                    "sensitive": false,
                    "type": "list",
                    "value": [
                        "2826127",
                        "2826126",
                        "2826120",
                        "2826125",
                        "2915524",
                        "2826122"
                    ]
                }
            },
            "resources": {},
            "depends_on": []
        },
        {
            "path": [
                "root",
                "mission_secops"
            ],
            "outputs": {
                "teams": {
                    "sensitive": false,
                    "type": "list",
                    "value": [
                        "2826125"
                    ]
                }
            },
            "resources": {},
            "depends_on": []
        },
        {
            "path": [
                "root",
                "user_46bit"
            ],
            "outputs": {},
            "resources": {
                "data.github_user.user": {
                    "type": "github_user",
                    "depends_on": [],
                    "primary": {
                        "id": "163111",
                        "attributes": {
                            "avatar_url": "https://avatars1.githubusercontent.com/u/163111?v=4",
                            "bio": "engineering for reliability at @gdsteam. they/them. autistic, agender and Rustacean. lover of drawing, porgs and cycling.",
                            "blog": "https://46b.it",
                            "company": "",
                            "email": "hi@46b.it",
                            "followers": "67",
                            "following": "83",
                            "gpg_keys.#": "3",
                            "gpg_keys.0": "xsFNBFiyP5oBEADNPiWiPaoSQ4JeklQv+TOazLAA6kbKyetk/A2vEq0vr4ZjiS6LBkNzoZRFOAhtJRomH9wds1TXvLZihEvEjsh0LhOTFTI8NBv7Jqu1qnXI6VAWsn5nnvds2XtcvogaD4y9FQWjU7Mh7IttuF9LhhiZ8L63Lp4TcG3rDXiNu85cQag0Our1Up5CVFEWIBPzN8HCoKqVuL7oljxJuDyw4yrc9qSMNf+q4NsRIrClaUo3QTvI0zmJxmDLhcYZi/nxCTSKaGP9DSDOHNd6oz86icj17iPajnzkXciT5aLcsoMLLiifpvkfUa0wrM2s/rw8k5hmxRdIqXRPvAvhrVoWIDcOwwE5PfhSXjqYXqGGMtQAzxerh8QFtZqMVQ8mAAGSt9xZljnG+YJu23uU56CI8cMQ8Qa7UECtHndoM4QCmbIT8F3kIXB4fN0yTMJ/LTqF1o1wy83vprNtV8LOsq/dC4/JadHN5FRhhKoDvqb8z0wCAyXNo1NDWOxP7p5FFYHwGdUZLAbhNh3UTNXRZazXDfmPOii3SrpbtJW3gMp9rZVBWHoADqmBk78x//n2lV1IY/Ui311/KFJ1uae9a5NZAmlpLOQUCHHa8GJfNZyGszE7ZhqiZ3L/b5d5xpNUn4kAUbOgMWMlIvTiP4T/3NRdDur7UIzk7qMUWriirBcXWfTkPwARAQAB",
                            "gpg_keys.1": "xsFNBFvEmNABEACU/QSqHTy5A8B6GqzkB1owp+Pihr4mM95LXUChqJbCms39dHt28yJWgMxsZE1cf/ZzQ2vpDsfk7BeO23T55PsrnpJ5yALJvoFUI4yvxpmIQPmpdqi3d0LgiHSxuQx1eBGqCoxYjKhsE+4U7TA2dfWrfbGRuD7SbEibpeSwx2UjUF2C5CiTXmZUCi+54ycQMPaICTVdysQkaLOlINomRb/h/cJRy5CW1Cw8P2J4zlWglbCN1CmhLgrxMgPVTKvmrbUrFvvpQdDm0Qmjiyr0BsWbctzV7t1Iy9BKpIREQFxM8NvZoDRrU6opkVgwKR4lTgkKI7slgZ+aJ10d6BUNlGAP/H7cZhjTMKM/RgFNwKF5K8Ya19mLhCRC3PAGahpAasxnzpExrig6i7cEp6D1eYkDtWnLfTN1TXIIdu5lmTj/rdmVFJ36LBeZ4IVE8WozsWMZL0Fw/K7tEAL8Z+GGa/EWjhfVckLZnuh5HSc+db1PMemeusU3OKcQws/z++nEKO58H2Fxp4VDOfnR9H3+5ElVfep0yV2bFTok6Jh5BUfjtZAWG8GfJnSGqgD/GGKydX2wuQKgUrDT0U9MQmECpKawEXejMtudtGNkQwfUHpAY8WwMva9MnejeYu8M+lFX8jk6SjD9DgKeEAjDoxXeNEMCCyB6/QsdZytgM6JMcV34KQARAQAB",
                            "gpg_keys.2": "xsFNBFljSm4BEAC/C/+Nv3p5FqHMyGgvwKEyKqNwov1cxail3yNATZGqKZFR6Pj0yhM7hjoDux1Yo34hv/0G0/k65CTXdhqnxv7wnCV1N8L+m6/tfo2LTIzSWI6Fu/BxivLxBHoS6e9wrzL2UY15eXoHy4T6afwtbl4s22tu+9Jwb5BWYcPuquyYWLglRjjyF7MO6YTbkwBJxSsr9gStr3SnNmf+xsHcbqNkd4Hxz1uPUGyWGZGdw6hI4qiNq9IeKQtFSqEo10U+bnyVjdC9LVzuF+6pl6BCSfWS34QdVnkLbcPUhPqKNAGotsQFxim06bcq7r+vrHYrO8jm4oDvRUVWTeTDchiKWxaSiKKbSiHEazSKUsO/Sy1/3JQ+wexWPKr6+ac7/XFD08jRz15vDNuGZmODs/cKBTz1///mWShzOsDeqTd/PqlTVbpON7gVSoPJ+rzp1Y0Rp/0ELunnuc1PYibgvGjmaHQjrn0kMGbmiGK5gY8mJDYnReH1ZZ8dOnPGJXqRpXTNn54w14viZktampz6xn+EyqRmGACiZIjK9yCQKtn/LAiK8XEsY/hXgWYg1uW/xF0bYk4RJXRrggBDAT3OPcXfdAKQOWHZeT2NtsjL7dn8Rc2d+fzB2yDRJDY3dMyR6bxD5BxEaYd8AxjNhSmqFcGrCa3aewAV92ed3vB8dI7a9IzlJwARAQAB",
                            "gravatar_id": "",
                            "id": "163111",
                            "location": "London, UK",
                            "login": "46bit",
                            "name": "Michael Mokrysz",
                            "public_gists": "100",
                            "public_repos": "57",
                            "site_admin": "false",
                            "ssh_keys.#": "4",
                            "ssh_keys.0": "ssh-rsa AAAAB3NzaC1yc2EAAAADAQABAAABAQDKZpV/AWPtrL9kRj/lz0KOcWVI1piAUJZIlGnR2NUonSkTke7NF1Pwp62+P7/pRx2eQHiApnUhZG/FMwcF58429vYt+vKEGieNerkjopj2jDg3PgNhFR7Gb4D5DpxzFHP8ln9botdTBVVnWzb4OEWIZAc4nmeoe2MhsKPLECmZxTGWk4ydI/Kwlg6nM5JXaSMMv7liFrlQ958L6dnXIBLEIeHsb0kxxDfrGOAbDmST80oeeDm+OKRqh2mH3QRqMTq+a0yAFg3szE/IcK9eP9HPoxCLxRzEGlWTrwcxle+xQ6DkJ45+87B1H5lmeHf/T+E8nC7w1CNxIyRTFcJeeDR/",
                            "ssh_keys.1": "ssh-rsa AAAAB3NzaC1yc2EAAAADAQABAAABAQDl3s62rsvyfXj3yLjLyeDVHPfAhBNjznjHPtZ+EhCHpq3c9I8Hp5pzLZJyTt1x0qj41Qweur8KpYxQ/EABjdUmZh69T/Vd8YrPIcfpnOPXRkFQogTFifL1ZC3I/JPtlmOADsxHCeghYQgxoZ8uAnVUxiNSS0Ni+SupyvWhITrbBvsRuTIw8Xmny/jzJnJe/CJjxE2cf0GBqDwVYW1vG2PNHTFNJYAQ7bYx6lhwbhNeaSTvGlhLlJrgA0GgJYUDL8b7vpAKarey8vTqk7cBJ6Wh1Eb880kM8dcNkmXsj7X3IjESC1/aQb535n3hbDon+uNyb9Mmkp5EYOnoEdQ+uMyP",
                            "ssh_keys.2": "ssh-rsa AAAAB3NzaC1yc2EAAAADAQABAAABAQDRTKpxynraZHo4taiGEAA1Pyki9Bq+jp6HpNBimD1Ou/dcVnmDfzuicR5a4vBXlQwH6vQ0wvNd82BzLvVqSW5+iOWKD8ExAO2vFhAa3UsiA+HT7hVCsdTBfn1ugnDW6rmozH9h1DHSA7Kyj7oaHVQZ3f9xAQN9aOuZk4DPXguG5W51h24hG10PpGuMA13m6jLF16FDwd3xs4bYBoq8m+GwOJyNiCFp2OnYsOKfqCbtQWvERvWNw4IJjDQc4P+cUPR5TFDjRUOeg1mqgAfG4R4X4TvzVIrXhrF7THK3S68X4tHT7DM9Di2A3isBcWMFsogylcQwNq2HgBkMxmdSkx5d",
                            "ssh_keys.3": "ssh-rsa AAAAB3NzaC1yc2EAAAADAQABAAACAQDlcKuX5FKUX++rEx3wQxrh3QSDZ4FTRFGeH2K9EbQF7fOz/oz6OAZ6CcXlxmP1HhLTPtGXqf2wKh/wbz6SXyUzE3vf+kA0YhwREmQXNepmEkS9CdmB38NrjqHFq5D7DmXxgF2K3tS1B56yb1tD5v0aZ+Jsbb4xp0RsWHgpXzQt23I/U5m4WKiTyFOVbiBSMobMUCZpiOtF7dlNySq92IPSkSL4Vc/bt5Y4mYWX/9nxXJbD78kzGfPG/iM9Hpw8u0EZMc9wM0GlcFwUcwkBAoCVt07diIsGUgGSWWx6yqtJfpSPmgG9H+YugZ0mifg7aqKIygL5Fe+XDFpQZz4bG+m26e91dMr+JpIHT8wh72fPkwcAh1uznmOWvBXXU+bVleZ/LBLRHGuP828oA1cEQIgfEMqhOCv9Cncy+8ppCaMavTDAHoTl5Zx03JG0vDKN1o4OWLngycf3ktx8f9nZoGgB/cBPl+o4hdtEYWtIYrxOlgiqQaNbqn66ypMd81HhqOiQaOvwz1ZY4v/nNTgYZcjSNHQh74jq5KvJnndJenjtoDD9ezlmCLvTfLoZVTwzfCsl0cpI+aAhhjh5iDNs/ygx3NFSf+oIGOH6iHRv9hZjRojA50c8tr9dWfZTO99y8pGEe6T1z5Kd350NyWbe3bfDexmMW6olmxEusg19O2s+QQ==",
                            "username": "46bit"
                        },
                        "meta": {},
                        "tainted": false
                    },
                    "deposed": [],
                    "provider": "provider.github"
                },
                "github_membership.org_membership": {
                    "type": "github_membership",
                    "depends_on": [],
                    "primary": {
                        "id": "alphagov:46bit",
                        "attributes": {
                            "etag": "W/\"879ece2e261fc78f987d6b0b5fdb2495\"",
                            "id": "alphagov:46bit",
                            "role": "member",
                            "username": "46bit"
                        },
                        "meta": {},
                        "tainted": false
                    },
                    "deposed": [],
                    "provider": "provider.github"
                },
                "github_team_membership.team_membership.0": {
                    "type": "github_team_membership",
                    "depends_on": [],
                    "primary": {
                        "id": "2826122:46bit",
                        "attributes": {
                            "etag": "W/\"0ab514f5e39e3e34e645c160ee884c85\"",
                            "id": "2826122:46bit",
                            "role": "member",
                            "team_id": "2826122",
                            "username": "46bit"
                        },
                        "meta": {},
                        "tainted": false
                    },
                    "deposed": [],
                    "provider": "provider.github"
                },
                "github_team_membership.team_membership.1": {
                    "type": "github_team_membership",
                    "depends_on": [],
                    "primary": {
                        "id": "2826121:46bit",
                        "attributes": {
                            "etag": "W/\"f0245008c97e84932e497eaaeda6c1ff\"",
                            "id": "2826121:46bit",
                            "role": "member",
                            "team_id": "2826121",
                            "username": "46bit"
                        },
                        "meta": {},
                        "tainted": false
                    },
                    "deposed": [],
                    "provider": "provider.github"
                },
                "github_team_membership.team_membership.2": {
                    "type": "github_team_membership",
                    "depends_on": [],
                    "primary": {
                        "id": "2826120:46bit",
                        "attributes": {
                            "etag": "W/\"812067482687f39ad8a4891793811776\"",
                            "id": "2826120:46bit",
                            "role": "member",
                            "team_id": "2826120",
                            "username": "46bit"
                        },
                        "meta": {},
                        "tainted": false
                    },
                    "deposed": [],
                    "provider": "provider.github"
                },
                "github_team_membership.team_membership.3": {
                    "type": "github_team_membership",
                    "depends_on": [],
                    "primary": {
                        "id": "2826126:46bit",
                        "attributes": {
                            "etag": "W/\"1c40ad8379515d5ad478dd5d595def2e\"",
                            "id": "2826126:46bit",
                            "role": "member",
                            "team_id": "2826126",
                            "username": "46bit"
                        },
                        "meta": {},
                        "tainted": false
                    },
                    "deposed": [],
                    "provider": "provider.github"
                },
                "github_team_membership.team_membership.4": {
                    "type": "github_team_membership",
                    "depends_on": [],
                    "primary": {
                        "id": "2826123:46bit",
                        "attributes": {
                            "etag": "W/\"3798de411ca18c9f7cac439eba0362f1\"",
                            "id": "2826123:46bit",
                            "role": "member",
                            "team_id": "2826123",
                            "username": "46bit"
                        },
                        "meta": {},
                        "tainted": false
                    },
                    "deposed": [],
                    "provider": "provider.github"
                },
                "github_team_membership.team_membership.5": {
                    "type": "github_team_membership",
                    "depends_on": [],
                    "primary": {
                        "id": "2826125:46bit",
                        "attributes": {
                            "etag": "W/\"67f560b1f30f3929887fb2164faec80a\"",
                            "id": "2826125:46bit",
                            "role": "member",
                            "team_id": "2826125",
                            "username": "46bit"
                        },
                        "meta": {},
                        "tainted": false
                    },
                    "deposed": [],
                    "provider": "provider.github"
                },
                "github_team_membership.team_membership.6": {
                    "type": "github_team_membership",
                    "depends_on": [],
                    "primary": {
                        "id": "2915524:46bit",
                        "attributes": {
                            "etag": "W/\"2fa597fc686988b9c48ab6368f28055d\"",
                            "id": "2915524:46bit",
                            "role": "member",
                            "team_id": "2915524",
                            "username": "46bit"
                        },
                        "meta": {},
                        "tainted": false
                    },
                    "deposed": [],
                    "provider": "provider.github"
                }
            },
            "depends_on": []
        },
        {
            "path": [
                "root",
                "user_adityapahuja"
            ],
            "outputs": {},
            "resources": {
                "data.github_user.user": {
                    "type": "github_user",
                    "depends_on": [],
                    "primary": {
                        "id": "19972046",
                        "attributes": {
                            "avatar_url": "https://avatars2.githubusercontent.com/u/19972046?v=4",
                            "bio": "",
                            "blog": "",
                            "company": "",
                            "email": "",
                            "followers": "0",
                            "following": "0",
                            "gpg_keys.#": "0",
                            "gravatar_id": "",
                            "id": "19972046",
                            "location": "",
                            "login": "adityapahuja",
                            "name": "",
                            "public_gists": "0",
                            "public_repos": "1",
                            "site_admin": "false",
                            "ssh_keys.#": "1",
                            "ssh_keys.0": "ssh-rsa AAAAB3NzaC1yc2EAAAADAQABAAACAQDZIeNBuz1IYtQR8ZSxt+2reWZ3zgWJNjLNeQxgm/CdQz68GROkGGbHCGUd77is2dSL7NiFbibrCYSsJtjwzTYC1c3ZXHBOfsdBHOql0NvHYB16mAJq7no4ZrfBlO4jzIQHTjqEg9jPdp0mIMaOy4K90QO6aAxW/O31knyNC5mdZ0sPYl66DD3vzECyibaR5YW/ag42UvcFZkzdbMD/vwoq5qQVkVY+yG+R+ILMYqpMzLMeKXXRwTLEZuDdEvRcBZkyIrZfRHfrhyCA3o0ekkeFVTi11UtHtOJ/7W/FjqyQlQal6X5YGwy15kRvUqt2FuUThmZB+Gg7i2t3k2KEILFKVjCkJ748d12LurbjgO1812TvbzAAKWclzgjDNu8YuCRMYY3H1lizDqSmjk5eIMiJTRHrnoeeZ1S5to6G42YVa1Kpw18EOEWOLrLX2MCW6NCp4yi0tkxScQ6U0IyjqzNBhCLSp21JOnKNowzkIxH4LFS+E+8TMCblJJWjjbOI78iFYX0DVtYshOi2tqBo8eNTf63D28lLpAbFq6bzkX9xfHMmxVeiTrNJSfYDiMVyuX6yzV2418BosPUvI+1qwPZ44rvXyaK+XVwuy6ri6Wnc/zEXLnUgxOZ8Tf9TsXLADyd1KBCqqBRuJb1bd1emOc5GSTgj0edjirVtesK3R634wQ==",
                            "username": "adityapahuja"
                        },
                        "meta": {},
                        "tainted": false
                    },
                    "deposed": [],
                    "provider": "provider.github"
                },
                "github_membership.org_membership": {
                    "type": "github_membership",
                    "depends_on": [],
                    "primary": {
                        "id": "alphagov:adityapahuja",
                        "attributes": {
                            "etag": "W/\"a475026ce6b37d3e498af3568eee1245\"",
                            "id": "alphagov:adityapahuja",
                            "role": "member",
                            "username": "adityapahuja"
                        },
                        "meta": {},
                        "tainted": false
                    },
                    "deposed": [],
                    "provider": "provider.github"
                },
                "github_team_membership.team_membership.0": {
                    "type": "github_team_membership",
                    "depends_on": [],
                    "primary": {
                        "id": "2826127:adityapahuja",
                        "attributes": {
                            "etag": "W/\"a80beb67b36643ef3470d6bd20874595\"",
                            "id": "2826127:adityapahuja",
                            "role": "member",
                            "team_id": "2826127",
                            "username": "adityapahuja"
                        },
                        "meta": {},
                        "tainted": false
                    },
                    "deposed": [],
                    "provider": "provider.github"
                },
                "github_team_membership.team_membership.1": {
                    "type": "github_team_membership",
                    "depends_on": [],
                    "primary": {
                        "id": "2826126:adityapahuja",
                        "attributes": {
                            "etag": "W/\"06998dc22a32d70ed4268e0d86ff049c\"",
                            "id": "2826126:adityapahuja",
                            "role": "member",
                            "team_id": "2826126",
                            "username": "adityapahuja"
                        },
                        "meta": {},
                        "tainted": false
                    },
                    "deposed": [],
                    "provider": "provider.github"
                },
                "github_team_membership.team_membership.2": {
                    "type": "github_team_membership",
                    "depends_on": [],
                    "primary": {
                        "id": "2826120:adityapahuja",
                        "attributes": {
                            "etag": "W/\"92c7d7a5d28e8406806d3a205e992a64\"",
                            "id": "2826120:adityapahuja",
                            "role": "member",
                            "team_id": "2826120",
                            "username": "adityapahuja"
                        },
                        "meta": {},
                        "tainted": false
                    },
                    "deposed": [],
                    "provider": "provider.github"
                },
                "github_team_membership.team_membership.3": {
                    "type": "github_team_membership",
                    "depends_on": [],
                    "primary": {
                        "id": "2826125:adityapahuja",
                        "attributes": {
                            "etag": "W/\"bbb8cd59d94d707d608d078f881871fb\"",
                            "id": "2826125:adityapahuja",
                            "role": "member",
                            "team_id": "2826125",
                            "username": "adityapahuja"
                        },
                        "meta": {},
                        "tainted": false
                    },
                    "deposed": [],
                    "provider": "provider.github"
                },
                "github_team_membership.team_membership.4": {
                    "type": "github_team_membership",
                    "depends_on": [],
                    "primary": {
                        "id": "2915524:adityapahuja",
                        "attributes": {
                            "etag": "W/\"a8491f89f4aafa4306e3eeae27e7e889\"",
                            "id": "2915524:adityapahuja",
                            "role": "member",
                            "team_id": "2915524",
                            "username": "adityapahuja"
                        },
                        "meta": {},
                        "tainted": false
                    },
                    "deposed": [],
                    "provider": "provider.github"
                },
                "github_team_membership.team_membership.5": {
                    "type": "github_team_membership",
                    "depends_on": [],
                    "primary": {
                        "id": "2826122:adityapahuja",
                        "attributes": {
                            "etag": "W/\"76c45fe0c33d352657bcc73aaa19f376\"",
                            "id": "2826122:adityapahuja",
                            "role": "member",
                            "team_id": "2826122",
                            "username": "adityapahuja"
                        },
                        "meta": {},
                        "tainted": false
                    },
                    "deposed": [],
                    "provider": "provider.github"
                }
            },
            "depends_on": []
        },
        {
            "path": [
                "root",
                "user_alan_gds"
            ],
            "outputs": {},
            "resources": {
                "data.github_user.user": {
                    "type": "github_user",
                    "depends_on": [],
                    "primary": {
                        "id": "26431837",
                        "attributes": {
                            "avatar_url": "https://avatars0.githubusercontent.com/u/26431837?v=4",
                            "bio": "",
                            "blog": "",
                            "company": "",
                            "email": "",
                            "followers": "0",
                            "following": "0",
                            "gpg_keys.#": "0",
                            "gravatar_id": "",
                            "id": "26431837",
                            "location": "",
                            "login": "alan-gds",
                            "name": "",
                            "public_gists": "0",
                            "public_repos": "0",
                            "site_admin": "false",
                            "ssh_keys.#": "1",
                            "ssh_keys.0": "ssh-rsa AAAAB3NzaC1yc2EAAAADAQABAAACAQCeAvAQAnPAQqel8OZaTVSIieqo8pO17hPmV+v7hGlCWb5wuImdum4Wb/6FcTHXpVg/BRE4cbJNzVWyTSOaZdxSOAKEJwEzYBJMG0Fy7gXQPzsT3SQsIicDB0TwqlpubVzJVYESxh8twEMguEUpGxFNftg2rWEKwwdBfsQajwEVLx2Aj6l+TzN4yo2HiosooPbpt8mlNr5DzhXNFMq0yvgUDfTGHOTSRIhQlNHw9umJmWtVroeKkC955PuRqKYa6enB5UgoaukXph5YMoYZWxzIg5NCeSTZqFG8b26kPQ0E0ViQ4zE/niIcafL8OWoPm8NhyCUBLC1DGEX46xwHh5xPiNunLR4HCqRQb6+1H/vCwV6TZMClY66cyEEmgvEBwt5d9urLoZH2VYWBOfxrjeydvrL9OLHddGsEhQ+IH6xxOp1RyOYJpuWkdUwGh+PLqLLRUarcZi/jRxFCA6I0HlkkNF5sEJqaD74Od4J7J9oyTBi+fwIN9gqjI0VGJ4CHRzkxyq/6fQdTpbsayd+b5C3ruvfTT+IwxaFbm8L7YbTgpZ3y4pTSYOxOGN9LYRVx8zQVFm/FYKvdM6oruI1iMuNR7nwbT3VY16uHkl1pTlLUR4rWfMs7PBBmUy3sGpixj2i2RM1Hgv2tJ3qoP9KUAmRHwKKPC68KWAXrFaMSuSK49w==",
                            "username": "alan-gds"
                        },
                        "meta": {},
                        "tainted": false
                    },
                    "deposed": [],
                    "provider": "provider.github"
                },
                "github_membership.org_membership": {
                    "type": "github_membership",
                    "depends_on": [],
                    "primary": {
                        "id": "alphagov:alan-gds",
                        "attributes": {
                            "etag": "W/\"38dbfd2d2de262536355cc1f225ff715\"",
                            "id": "alphagov:alan-gds",
                            "role": "member",
                            "username": "alan-gds"
                        },
                        "meta": {},
                        "tainted": false
                    },
                    "deposed": [],
                    "provider": "provider.github"
                },
                "github_team_membership.team_membership.0": {
                    "type": "github_team_membership",
                    "depends_on": [],
                    "primary": {
                        "id": "2826122:alan-gds",
                        "attributes": {
                            "etag": "W/\"c5a50a6e02d4658cb610fbaf61af200e\"",
                            "id": "2826122:alan-gds",
                            "role": "member",
                            "team_id": "2826122",
                            "username": "alan-gds"
                        },
                        "meta": {},
                        "tainted": false
                    },
                    "deposed": [],
                    "provider": "provider.github"
                },
                "github_team_membership.team_membership.1": {
                    "type": "github_team_membership",
                    "depends_on": [],
                    "primary": {
                        "id": "2826127:alan-gds",
                        "attributes": {
                            "etag": "W/\"4b5b7e37842170e6b406a7fa9358ef90\"",
                            "id": "2826127:alan-gds",
                            "role": "member",
                            "team_id": "2826127",
                            "username": "alan-gds"
                        },
                        "meta": {},
                        "tainted": false
                    },
                    "deposed": [],
                    "provider": "provider.github"
                },
                "github_team_membership.team_membership.2": {
                    "type": "github_team_membership",
                    "depends_on": [],
                    "primary": {
                        "id": "2826126:alan-gds",
                        "attributes": {
                            "etag": "W/\"a396e00d1b6dde272b5a95abd9855add\"",
                            "id": "2826126:alan-gds",
                            "role": "member",
                            "team_id": "2826126",
                            "username": "alan-gds"
                        },
                        "meta": {},
                        "tainted": false
                    },
                    "deposed": [],
                    "provider": "provider.github"
                },
                "github_team_membership.team_membership.3": {
                    "type": "github_team_membership",
                    "depends_on": [],
                    "primary": {
                        "id": "2826123:alan-gds",
                        "attributes": {
                            "etag": "W/\"c82cb72a5518810924a8fb43c095aa20\"",
                            "id": "2826123:alan-gds",
                            "role": "member",
                            "team_id": "2826123",
                            "username": "alan-gds"
                        },
                        "meta": {},
                        "tainted": false
                    },
                    "deposed": [],
                    "provider": "provider.github"
                },
                "github_team_membership.team_membership.4": {
                    "type": "github_team_membership",
                    "depends_on": [],
                    "primary": {
                        "id": "2826125:alan-gds",
                        "attributes": {
                            "etag": "W/\"d2ac4e2624beab920377089cdee01b7b\"",
                            "id": "2826125:alan-gds",
                            "role": "member",
                            "team_id": "2826125",
                            "username": "alan-gds"
                        },
                        "meta": {},
                        "tainted": false
                    },
                    "deposed": [],
                    "provider": "provider.github"
                },
                "github_team_membership.team_membership.5": {
                    "type": "github_team_membership",
                    "depends_on": [],
                    "primary": {
                        "id": "2915524:alan-gds",
                        "attributes": {
                            "etag": "W/\"2b3230ac8b1809ef17d67a555d1eacf9\"",
                            "id": "2915524:alan-gds",
                            "role": "member",
                            "team_id": "2915524",
                            "username": "alan-gds"
                        },
                        "meta": {},
                        "tainted": false
                    },
                    "deposed": [],
                    "provider": "provider.github"
                }
            },
            "depends_on": []
        },
        {
            "path": [
                "root",
                "user_amritsidhu"
            ],
            "outputs": {},
            "resources": {
                "data.github_user.user": {
                    "type": "github_user",
                    "depends_on": [],
                    "primary": {
                        "id": "24409958",
                        "attributes": {
                            "avatar_url": "https://avatars1.githubusercontent.com/u/24409958?v=4",
                            "bio": "",
                            "blog": "",
                            "company": "",
                            "email": "",
                            "followers": "3",
                            "following": "6",
                            "gpg_keys.#": "0",
                            "gravatar_id": "",
                            "id": "24409958",
                            "location": "",
                            "login": "AmritSidhu",
                            "name": "",
                            "public_gists": "0",
                            "public_repos": "27",
                            "site_admin": "false",
                            "ssh_keys.#": "1",
                            "ssh_keys.0": "ssh-rsa AAAAB3NzaC1yc2EAAAADAQABAAACAQC67vWe2biVQf6EmSoJ7k+9jRQlvbKYU5YkqV86WHQpkKGeKSMXr9DWVaYRbml48kqHbdiAelmhjZibJDnG7wDqac52XkQo2aZ64BBcXx3ALsAa3ppylgXR7wg71P3bIb6OPLy1ejAfsZow9+nlwAR9UmF6nQFZ5J5HepGt6/Gjn5G89F5no6/SEuW5yrL/0ZiP8/i20I7U0hOGtYZyH0IrVR8Ze9eRUTXlzH75RSt5oU4HcIbtobqlE70+3jXp7Hv+IOAYyDNaiA1o4Nmtpw+iSJPRXFkZ6ki9E6UcZNLwdxA6FdXgMI3MhqzqOlsaPAOX5CXBrCe4a9ZJiclRvWlgASyzrNlDidGU7UKFdsnl3aL1xqQOI8SeewKjmgpcUC9pjwYjBMgoArBoIPrVEabhOpuh/vOca5boGs+nB1Gzq8xLFWLIX38mmyOajCXZrmKT2Z5RLtyURsGrKE3el+Zf5fGBBUXH+whvnCe7QC8IfD4R5cgWjICNOYkJ9YgaLIAm3jscu/qx9LNnpR5Qg5CXLca58a5B7PfVJF26ZewZshHLdu2wGcclbMBxIxdYMYc++Gl9A6+9bO0OITV4+oVMZpQimDvz9H/5QtrFd4Ja1Ae0R+2bo1SYiLMEeXwaYcfNUNClE8S0WIVJk0erdZfoF3TxajTT1/V2w4wkqWPKqw==",
                            "username": "AmritSidhu"
                        },
                        "meta": {},
                        "tainted": false
                    },
                    "deposed": [],
                    "provider": "provider.github"
                },
                "github_membership.org_membership": {
                    "type": "github_membership",
                    "depends_on": [],
                    "primary": {
                        "id": "alphagov:AmritSidhu",
                        "attributes": {
                            "etag": "W/\"f8472d00bee5c7fb1f5d78b6fd998060\"",
                            "id": "alphagov:AmritSidhu",
                            "role": "member",
                            "username": "AmritSidhu"
                        },
                        "meta": {},
                        "tainted": false
                    },
                    "deposed": [],
                    "provider": "provider.github"
                },
                "github_team_membership.team_membership.0": {
                    "type": "github_team_membership",
                    "depends_on": [],
                    "primary": {
                        "id": "2826122:AmritSidhu",
                        "attributes": {
                            "etag": "W/\"7830d166b827f7c95561b24c34834879\"",
                            "id": "2826122:AmritSidhu",
                            "role": "member",
                            "team_id": "2826122",
                            "username": "AmritSidhu"
                        },
                        "meta": {},
                        "tainted": false
                    },
                    "deposed": [],
                    "provider": "provider.github"
                },
                "github_team_membership.team_membership.1": {
                    "type": "github_team_membership",
                    "depends_on": [],
                    "primary": {
                        "id": "2826127:AmritSidhu",
                        "attributes": {
                            "etag": "W/\"03b47b6f169bf53e2a431c5b25b17a92\"",
                            "id": "2826127:AmritSidhu",
                            "role": "member",
                            "team_id": "2826127",
                            "username": "AmritSidhu"
                        },
                        "meta": {},
                        "tainted": false
                    },
                    "deposed": [],
                    "provider": "provider.github"
                },
                "github_team_membership.team_membership.2": {
                    "type": "github_team_membership",
                    "depends_on": [],
                    "primary": {
                        "id": "2826126:AmritSidhu",
                        "attributes": {
                            "etag": "W/\"8023c31fd8832f1cf7dd1e65c842bd26\"",
                            "id": "2826126:AmritSidhu",
                            "role": "member",
                            "team_id": "2826126",
                            "username": "AmritSidhu"
                        },
                        "meta": {},
                        "tainted": false
                    },
                    "deposed": [],
                    "provider": "provider.github"
                },
                "github_team_membership.team_membership.3": {
                    "type": "github_team_membership",
                    "depends_on": [],
                    "primary": {
                        "id": "2826123:AmritSidhu",
                        "attributes": {
                            "etag": "W/\"2c8d09a2a30f772c269009c25255a47a\"",
                            "id": "2826123:AmritSidhu",
                            "role": "member",
                            "team_id": "2826123",
                            "username": "AmritSidhu"
                        },
                        "meta": {},
                        "tainted": false
                    },
                    "deposed": [],
                    "provider": "provider.github"
                },
                "github_team_membership.team_membership.4": {
                    "type": "github_team_membership",
                    "depends_on": [],
                    "primary": {
                        "id": "2826125:AmritSidhu",
                        "attributes": {
                            "etag": "W/\"7cdf72734d0b848324eea80d9613d1e0\"",
                            "id": "2826125:AmritSidhu",
                            "role": "member",
                            "team_id": "2826125",
                            "username": "AmritSidhu"
                        },
                        "meta": {},
                        "tainted": false
                    },
                    "deposed": [],
                    "provider": "provider.github"
                },
                "github_team_membership.team_membership.5": {
                    "type": "github_team_membership",
                    "depends_on": [],
                    "primary": {
                        "id": "2915524:AmritSidhu",
                        "attributes": {
                            "etag": "W/\"c66a12264edee2fa918d4c378d66ef5f\"",
                            "id": "2915524:AmritSidhu",
                            "role": "member",
                            "team_id": "2915524",
                            "username": "AmritSidhu"
                        },
                        "meta": {},
                        "tainted": false
                    },
                    "deposed": [],
                    "provider": "provider.github"
                }
            },
            "depends_on": []
        },
        {
            "path": [
                "root",
                "user_andy_paine"
            ],
            "outputs": {},
            "resources": {
                "data.github_user.user": {
                    "type": "github_user",
                    "depends_on": [],
                    "primary": {
                        "id": "14118619",
                        "attributes": {
                            "avatar_url": "https://avatars3.githubusercontent.com/u/14118619?v=4",
                            "bio": "",
                            "blog": "",
                            "company": "",
                            "email": "andy.paine.github@gmail.com",
                            "followers": "2",
                            "following": "0",
                            "gpg_keys.#": "0",
                            "gravatar_id": "",
                            "id": "14118619",
                            "location": "",
                            "login": "andy-paine",
                            "name": "Andy Paine",
                            "public_gists": "0",
                            "public_repos": "15",
                            "site_admin": "false",
                            "ssh_keys.#": "2",
                            "ssh_keys.0": "ssh-rsa AAAAB3NzaC1yc2EAAAADAQABAAACAQC2AXG9PeZMkKVhehcL64HzGfjlOUovVEObaSPAGm8ZFGSe1Pcge8N1wS+eTQBlMU1c+mnuPs6oXkgJORYi0MBsRnXEDMvRkQQ0hiajrbiYKvLPhvjkoYTFClDVEhZlV+LFaMbXL/IqGTax7PhE3K0gIxbZMh2CfzbbDAXDDO/qIvRh8boDi5zEnYM2oJ+iKU+X8sPd4Wafyh9iQ6n2URYr8TBM/lYWKrhqfo0u2FuBVyMNQHXGILSXemdKmubZjuclG28izMBESPWjndWdodNUHlUX+9Sp144/psvzSw9gLBwzeTqFDAJ7JokNtaRvSDVO0RB8tZwIMB4SIYLBNbOPwgskE86xyfs13AFXo5HAdYfQRYyN6LMrJ3+KYzHj/Nt0qywV5AtP29BQERgqL8ZwyeE4mkKsVv1kmtTe8yIRfB5eMIGCb6G9xvKf+bZYqLOIfJIRT+ulRxOaI8fQnPtvAQgZj/BoDBNwoJNf95glmJ2DJT/IRCiwjA2pAy6HAKh4p/NViJNdcTwRaTsTaxq/OjmYMk28JVL6QPXtuObP94WEdH5r/K9z2DJrgbGcvPdlpkH5XL2unYhSmSm6m94sRRC+Byvx+hR9h7dmON80BCbGXztwAwjQ5Qe8iTnGBZcw7datmx1ccjDJBVefk9ITCpAFTK4zCk73f3bViQkzaw==",
                            "ssh_keys.1": "ssh-rsa AAAAB3NzaC1yc2EAAAADAQABAAACAQDEIzbqg/oE8ewZjWVzO2nYNST3jrdfSzHHIiq9X8e8NcFZB5X0KY74FScNWgduAA1LnqlCCvPQuIH10XGQQQUGE+/uV0jD3EJiEZrMKo8udkl/actXw5Uaj1Bc0MO/4f0MM3Y3XMeDTUKNw0Ks6chRYC4l9lcJpcnr14vxwj0ABiduY25D9DLnP3j1PeMj6+EhbqrcCq0c60XuQIEU177v1HA/02L6OTljBG+exuaht/VcjS3nD34/UVhBK6UlSdCFC3m4Z5F5oNMpDhWNIuu/soa6cwHN4APK4HTHc9sVt6UfPjbyZObL2dsCaO3/QGmQ+UodUQRy0+6GEMXCQiB9oHgGjlpIjqJAKuv9oGb6vShqbntjooRGe1R0cYk99BBoJG7MzXqkL1pEnIDfzSXfFqelPXAcVUwwuxggf/YYMyJD1c6eRrnb116nKq/dj2/bUMcxh2LUYRYin0k+hkaSxpq865nwRVPNWRNJnCSkEYPKC6Nrbj3LkysK85tNJ5EoWvjwbRtP+fv0YYB7M2q9FC8i5HFjPp02lJXgL82CFeHArj6zYVjRT5bGd+UkIqI8b7aJEGjXUBJvWA4J9VgZgqRzhBc54LQIcrk1LeDZCDmzwhjQfl016yArhf6Vd1fU1CHVsZthbVNXSIau5nl+m2Iv9+ynbwk06no9tUDYaQ==",
                            "username": "andy-paine"
                        },
                        "meta": {},
                        "tainted": false
                    },
                    "deposed": [],
                    "provider": "provider.github"
                },
                "github_membership.org_membership": {
                    "type": "github_membership",
                    "depends_on": [],
                    "primary": {
                        "id": "alphagov:andy-paine",
                        "attributes": {
                            "etag": "W/\"6d77d2381163a5d76aff5903e99739be\"",
                            "id": "alphagov:andy-paine",
                            "role": "admin",
                            "username": "andy-paine"
                        },
                        "meta": {},
                        "tainted": false
                    },
                    "deposed": [],
                    "provider": "provider.github"
                },
                "github_team_membership.team_membership.0": {
                    "type": "github_team_membership",
                    "depends_on": [],
                    "primary": {
                        "id": "2826122:andy-paine",
                        "attributes": {
                            "etag": "W/\"ba685268aedede7ca348c9923bd6d470\"",
                            "id": "2826122:andy-paine",
                            "role": "maintainer",
                            "team_id": "2826122",
                            "username": "andy-paine"
                        },
                        "meta": {},
                        "tainted": false
                    },
                    "deposed": [],
                    "provider": "provider.github"
                },
                "github_team_membership.team_membership.1": {
                    "type": "github_team_membership",
                    "depends_on": [],
                    "primary": {
                        "id": "2826127:andy-paine",
                        "attributes": {
                            "etag": "W/\"4d7f45705253e5ca648686702e082a7a\"",
                            "id": "2826127:andy-paine",
                            "role": "maintainer",
                            "team_id": "2826127",
                            "username": "andy-paine"
                        },
                        "meta": {},
                        "tainted": false
                    },
                    "deposed": [],
                    "provider": "provider.github"
                },
                "github_team_membership.team_membership.2": {
                    "type": "github_team_membership",
                    "depends_on": [],
                    "primary": {
                        "id": "2826126:andy-paine",
                        "attributes": {
                            "etag": "W/\"b2fb0b7f83fe081e5b37372c2309daa8\"",
                            "id": "2826126:andy-paine",
                            "role": "maintainer",
                            "team_id": "2826126",
                            "username": "andy-paine"
                        },
                        "meta": {},
                        "tainted": false
                    },
                    "deposed": [],
                    "provider": "provider.github"
                },
                "github_team_membership.team_membership.3": {
                    "type": "github_team_membership",
                    "depends_on": [],
                    "primary": {
                        "id": "2826121:andy-paine",
                        "attributes": {
                            "etag": "W/\"78667536590e49cc4cbdc87c8e264de3\"",
                            "id": "2826121:andy-paine",
                            "role": "maintainer",
                            "team_id": "2826121",
                            "username": "andy-paine"
                        },
                        "meta": {},
                        "tainted": false
                    },
                    "deposed": [],
                    "provider": "provider.github"
                },
                "github_team_membership.team_membership.4": {
                    "type": "github_team_membership",
                    "depends_on": [],
                    "primary": {
                        "id": "2826120:andy-paine",
                        "attributes": {
                            "etag": "W/\"283c20fc578d9022961638ee62937ffc\"",
                            "id": "2826120:andy-paine",
                            "role": "maintainer",
                            "team_id": "2826120",
                            "username": "andy-paine"
                        },
                        "meta": {},
                        "tainted": false
                    },
                    "deposed": [],
                    "provider": "provider.github"
                },
                "github_team_membership.team_membership.5": {
                    "type": "github_team_membership",
                    "depends_on": [],
                    "primary": {
                        "id": "2826123:andy-paine",
                        "attributes": {
                            "etag": "W/\"5ba84ca4bc83739ae7abe6d9658f1cd0\"",
                            "id": "2826123:andy-paine",
                            "role": "maintainer",
                            "team_id": "2826123",
                            "username": "andy-paine"
                        },
                        "meta": {},
                        "tainted": false
                    },
                    "deposed": [],
                    "provider": "provider.github"
                },
                "github_team_membership.team_membership.6": {
                    "type": "github_team_membership",
                    "depends_on": [],
                    "primary": {
                        "id": "2826125:andy-paine",
                        "attributes": {
                            "etag": "W/\"82723d4def6c4cd4473490bded39c0ad\"",
                            "id": "2826125:andy-paine",
                            "role": "maintainer",
                            "team_id": "2826125",
                            "username": "andy-paine"
                        },
                        "meta": {},
                        "tainted": false
                    },
                    "deposed": [],
                    "provider": "provider.github"
                },
                "github_team_membership.team_membership.7": {
                    "type": "github_team_membership",
                    "depends_on": [],
                    "primary": {
                        "id": "2915520:andy-paine",
                        "attributes": {
                            "etag": "W/\"3e65baf3a5ecc1fa8ec5241bdf41b84f\"",
                            "id": "2915520:andy-paine",
                            "role": "maintainer",
                            "team_id": "2915520",
                            "username": "andy-paine"
                        },
                        "meta": {},
                        "tainted": false
                    },
                    "deposed": [],
                    "provider": "provider.github"
                },
                "github_team_membership.team_membership.8": {
                    "type": "github_team_membership",
                    "depends_on": [],
                    "primary": {
                        "id": "2826124:andy-paine",
                        "attributes": {
                            "etag": "W/\"7286f3f839e3050999416f8872401b70\"",
                            "id": "2826124:andy-paine",
                            "role": "maintainer",
                            "team_id": "2826124",
                            "username": "andy-paine"
                        },
                        "meta": {},
                        "tainted": false
                    },
                    "deposed": [],
                    "provider": "provider.github"
                },
                "github_team_membership.team_membership.9": {
                    "type": "github_team_membership",
                    "depends_on": [],
                    "primary": {
                        "id": "2915524:andy-paine",
                        "attributes": {
                            "etag": "W/\"2330f8cc652c1daf2c4ccb27721701c2\"",
                            "id": "2915524:andy-paine",
                            "role": "maintainer",
                            "team_id": "2915524",
                            "username": "andy-paine"
                        },
                        "meta": {},
                        "tainted": false
                    },
                    "deposed": [],
                    "provider": "provider.github"
                }
            },
            "depends_on": []
        },
        {
            "path": [
                "root",
                "user_annecarr"
            ],
            "outputs": {},
            "resources": {
                "data.github_user.user": {
                    "type": "github_user",
                    "depends_on": [],
                    "primary": {
                        "id": "7550015",
                        "attributes": {
                            "avatar_url": "https://avatars2.githubusercontent.com/u/7550015?v=4",
                            "bio": "",
                            "blog": "",
                            "company": "",
                            "email": "",
                            "followers": "1",
                            "following": "0",
                            "gpg_keys.#": "0",
                            "gravatar_id": "",
                            "id": "7550015",
                            "location": "",
                            "login": "AnneCarr",
                            "name": "",
                            "public_gists": "0",
                            "public_repos": "10",
                            "site_admin": "false",
                            "ssh_keys.#": "1",
                            "ssh_keys.0": "ssh-rsa AAAAB3NzaC1yc2EAAAADAQABAAACAQC80BPoH8eXPf+0xYbHrjQDHkQKl40JN1ffhYDwl6YmvfxMN2AUgAvJvaWmDauXZ3Rya3BLTDkf0uZOMtvuwaNln0xPkNgRxBZx50l0w28bhS5SRRZdGVnbvFBSTFZL5F+bfQ0g05av16RVp+TGIrZotzDqpdByP2ktkzfdSmuhhrvYa5aTkMrGJkrBN5mZWE1CNdOrghVjVH+dlp96EyCnMr9zQZUuuaff0ehPx2+Vwo3gbnHxHmljvAHPPPuT0JFd3rIHHIHjKqTSjeuaUfCq2YZe25wy4lHkyNQOdETrufDVv2M+O5rMrdkcfM6ypMJ/WS03y7ouVrbWdjsAf54PLNLGmfRV2K1s1TKRxZrpn1Z0/I+A0QDgvux2rwT8jPX3HrnXJaKVAedAcb89AjCXmW0hzKFusQxP+Cw/pmbgdiX5rpBXhwq76wzLqkn011jgnchfOW6sxRQ0t/QQueUT45CqrvhV6uLXaZLL7LkkX2gyLG6J8wQtizXogyO2UCnnEqvbWK5hf3ltDVldTcyGlZWZWdy/2IP5eR4D5FFMnk8It032rSdaDgDqQuQXeSLDj9nKMsUjXGHJwq3gqABpyAMYByi6JcdUzdefPqMPUg86LWACTHfHUsDirc1MsLQirnJESd9UOqlxxLg+vIZTX/EZ8Z6JL0aJxbk6dzv7QQ==",
                            "username": "AnneCarr"
                        },
                        "meta": {},
                        "tainted": false
                    },
                    "deposed": [],
                    "provider": "provider.github"
                },
                "github_membership.org_membership": {
                    "type": "github_membership",
                    "depends_on": [],
                    "primary": {
                        "id": "alphagov:AnneCarr",
                        "attributes": {
                            "etag": "W/\"41b137c5e8d1bed4cefc265e7f8c8be7\"",
                            "id": "alphagov:AnneCarr",
                            "role": "member",
                            "username": "AnneCarr"
                        },
                        "meta": {},
                        "tainted": false
                    },
                    "deposed": [],
                    "provider": "provider.github"
                },
                "github_team_membership.team_membership": {
                    "type": "github_team_membership",
                    "depends_on": [],
                    "primary": {
                        "id": "2826124:AnneCarr",
                        "attributes": {
                            "etag": "W/\"8f4ba69c4c6332d9c96c52f0b5ee8d81\"",
                            "id": "2826124:AnneCarr",
                            "role": "member",
                            "team_id": "2826124",
                            "username": "AnneCarr"
                        },
                        "meta": {},
                        "tainted": false
                    },
                    "deposed": [],
                    "provider": "provider.github"
                }
            },
            "depends_on": []
        },
        {
            "path": [
                "root",
                "user_benjamin_mortimer"
            ],
            "outputs": {},
            "resources": {
                "data.github_user.user": {
                    "type": "github_user",
                    "depends_on": [],
                    "primary": {
                        "id": "21359750",
                        "attributes": {
                            "avatar_url": "https://avatars1.githubusercontent.com/u/21359750?v=4",
                            "bio": "Associate product manager at the Government Digital Service.",
                            "blog": "",
                            "company": "",
                            "email": "",
                            "followers": "0",
                            "following": "0",
                            "gpg_keys.#": "0",
                            "gravatar_id": "",
                            "id": "21359750",
                            "location": "",
                            "login": "benjamin-mortimer",
                            "name": "",
                            "public_gists": "0",
                            "public_repos": "12",
                            "site_admin": "false",
                            "ssh_keys.#": "0",
                            "username": "benjamin-mortimer"
                        },
                        "meta": {},
                        "tainted": false
                    },
                    "deposed": [],
                    "provider": "provider.github"
                },
                "github_membership.org_membership": {
                    "type": "github_membership",
                    "depends_on": [],
                    "primary": {
                        "id": "alphagov:benjamin-mortimer",
                        "attributes": {
                            "etag": "W/\"f33ae863849657618ebfb5dca1ee6f7a\"",
                            "id": "alphagov:benjamin-mortimer",
                            "role": "member",
                            "username": "benjamin-mortimer"
                        },
                        "meta": {},
                        "tainted": false
                    },
                    "deposed": [],
                    "provider": "provider.github"
                },
                "github_team_membership.team_membership.0": {
                    "type": "github_team_membership",
                    "depends_on": [],
                    "primary": {
                        "id": "2826122:benjamin-mortimer",
                        "attributes": {
                            "etag": "W/\"0d159b599f3118b3be77c39acb440d23\"",
                            "id": "2826122:benjamin-mortimer",
                            "role": "member",
                            "team_id": "2826122",
                            "username": "benjamin-mortimer"
                        },
                        "meta": {},
                        "tainted": false
                    },
                    "deposed": [],
                    "provider": "provider.github"
                },
                "github_team_membership.team_membership.1": {
                    "type": "github_team_membership",
                    "depends_on": [],
                    "primary": {
                        "id": "2826121:benjamin-mortimer",
                        "attributes": {
                            "etag": "W/\"5ac772fcd6253f752efca0aaeb3416be\"",
                            "id": "2826121:benjamin-mortimer",
                            "role": "member",
                            "team_id": "2826121",
                            "username": "benjamin-mortimer"
                        },
                        "meta": {},
                        "tainted": false
                    },
                    "deposed": [],
                    "provider": "provider.github"
                },
                "github_team_membership.team_membership.2": {
                    "type": "github_team_membership",
                    "depends_on": [],
                    "primary": {
                        "id": "2826120:benjamin-mortimer",
                        "attributes": {
                            "etag": "W/\"9a98ca3ea127b537fcf3dc193617a6b0\"",
                            "id": "2826120:benjamin-mortimer",
                            "role": "member",
                            "team_id": "2826120",
                            "username": "benjamin-mortimer"
                        },
                        "meta": {},
                        "tainted": false
                    },
                    "deposed": [],
                    "provider": "provider.github"
                },
                "github_team_membership.team_membership.3": {
                    "type": "github_team_membership",
                    "depends_on": [],
                    "primary": {
                        "id": "2826126:benjamin-mortimer",
                        "attributes": {
                            "etag": "W/\"9dec99e6cd08f42e240acfe51e1964f2\"",
                            "id": "2826126:benjamin-mortimer",
                            "role": "member",
                            "team_id": "2826126",
                            "username": "benjamin-mortimer"
                        },
                        "meta": {},
                        "tainted": false
                    },
                    "deposed": [],
                    "provider": "provider.github"
                },
                "github_team_membership.team_membership.4": {
                    "type": "github_team_membership",
                    "depends_on": [],
                    "primary": {
                        "id": "2826123:benjamin-mortimer",
                        "attributes": {
                            "etag": "W/\"b56132cbd21db6e239fd32fd3c5cd3b5\"",
                            "id": "2826123:benjamin-mortimer",
                            "role": "member",
                            "team_id": "2826123",
                            "username": "benjamin-mortimer"
                        },
                        "meta": {},
                        "tainted": false
                    },
                    "deposed": [],
                    "provider": "provider.github"
                },
                "github_team_membership.team_membership.5": {
                    "type": "github_team_membership",
                    "depends_on": [],
                    "primary": {
                        "id": "2826125:benjamin-mortimer",
                        "attributes": {
                            "etag": "W/\"bd91ba35e0eabd4dda427ec9661a7d4c\"",
                            "id": "2826125:benjamin-mortimer",
                            "role": "member",
                            "team_id": "2826125",
                            "username": "benjamin-mortimer"
                        },
                        "meta": {},
                        "tainted": false
                    },
                    "deposed": [],
                    "provider": "provider.github"
                },
                "github_team_membership.team_membership.6": {
                    "type": "github_team_membership",
                    "depends_on": [],
                    "primary": {
                        "id": "2915524:benjamin-mortimer",
                        "attributes": {
                            "etag": "W/\"bfaf9974d6f40e412c5f896e433e4329\"",
                            "id": "2915524:benjamin-mortimer",
                            "role": "member",
                            "team_id": "2915524",
                            "username": "benjamin-mortimer"
                        },
                        "meta": {},
                        "tainted": false
                    },
                    "deposed": [],
                    "provider": "provider.github"
                }
            },
            "depends_on": []
        },
        {
            "path": [
                "root",
                "user_blairboy362"
            ],
            "outputs": {},
            "resources": {
                "data.github_user.user": {
                    "type": "github_user",
                    "depends_on": [],
                    "primary": {
                        "id": "12373655",
                        "attributes": {
                            "avatar_url": "https://avatars2.githubusercontent.com/u/12373655?v=4",
                            "bio": "",
                            "blog": "",
                            "company": "",
                            "email": "",
                            "followers": "2",
                            "following": "0",
                            "gpg_keys.#": "1",
                            "gpg_keys.0": "xsFNBFtEeJABEADjtg/GMx7nQIAncpl7LYr3xdLA9Clsa7WLhNGJBPgV1draI8CKwXDZM1npS6OoafunUOEzEq9g/WutCcp2+XZoPkAHc4Ka9wBJ6ovyxR84ab/gv33S+lsgFAHJCrYRSkQ6ba9OPKjhn4fWeo594cyndpVDlOfcdMFV3N+I+IvosJZpFWrGTv7zOkAyid8M18ckkVxZcOdQmUuhlFi+VEt884z2z5luEXMUlzdwlv6fTYE3zZce7XjEmTXZKIL04340z+xQXi28ln9OLDiRsDSzFg4AZJolma1rV3WKrEErFLBqtHpz4FchsxtiFixDfhRJu5hkCVUG1RM3kF3hkI6ZsIIGQidB5u+/5dgcclg/kJXx7VT0aEjLLfdGoNwb1a/9gXQKvnXnyCH7L0iGL/AffJowiqnAX9qjLm8HncKZhRzhgqq1bm155TtZvP9HE2wVXGUwhLe0NoifE8N2q1SQ7M7Pjhaq0x5tZEIXu3D3S1ldf6mQFRQdO1bVhAmftM+1eS8RDP2hR423Via1FaQKWnqZiKLUuVp5rpUVjm71VVTgT5rB8E1xO7IlIoub2lk2TJ8e/1WKYTczSqW6Ay4O2o13Gcw9qnVkUYV4KWZDzIVlI21hNi6JdD3/pypl0sX+LPPrsQx4Gj9d8kvIIEXs0DsYYFYclK69zFbrawL10QARAQAB",
                            "gravatar_id": "",
                            "id": "12373655",
                            "location": "",
                            "login": "blairboy362",
                            "name": "Daniel Blair",
                            "public_gists": "0",
                            "public_repos": "5",
                            "site_admin": "false",
                            "ssh_keys.#": "3",
                            "ssh_keys.0": "ssh-rsa AAAAB3NzaC1yc2EAAAADAQABAAACAQC3JtcTVSxumPqxdYOtsi60oCmOEE8UgfVzOcnjjgg3bgyYotk3nW4fzhKzPI1AslsvpH6CfD2+32Lq2W4PNNr1otrQ4RYYd9fRznqvei+h+M1UGXNqZhYue+ZRyhwz1bASfdjmTPbUhYk4lWiVHhFKlGKfvqK0HilzVGiRg5forZfeLh/Tqj99d9DjlvZx1UH6oYYCSsU96afiKl5BTBqUYKR75FYhqDaQT7OW4bUkMF09t2vtM7rqpNIQHkahbizGELSEZLaGieuK0Eo8GqcaCF2plJV3mJifP+v2j4d/nNI+Trlsg2hCUteC5mFWoOLDdIkA+rJU+u3T+SNQ/G+3glInAfDbFIeNgL6aLhPoWIYRCpGDXY+2kZZhmD304v42tKrd5kacy4xRtDLAoTNlkj01lz/1eSg4A9ftN4L7RBOXsuPPWWyX5GlVbepmrn/ND0pT6ev826BC0QkzKE5t3AqrtvooHmRUKc4INE5ybS1MZ7z/z0xu2Woe3qywxzDZNVj0dd8jWY1IyeWEzp9bb1F2C2nibUUI8WGh4WsqYFO4tSXlrhYz1kdNNpvWxGkrOadU9O1+gCo/2Jaerd/Gx4ObySJyNpyTzy3Jy1KYYoGzEG8A2tAH6asSbOTHIiXoNP/1aTSiBO1QeKmT4zVJERhPkoolFtvqofwCTarUzw==",
                            "ssh_keys.1": "ssh-rsa AAAAB3NzaC1yc2EAAAADAQABAAACAQDhje7LMEsP8/2HFBQHvGbwAVRzUuNuVZJhVjHRoZxvARg1nn9D1bWx0FnK9aWL7cmu89P8pQiWGBEjWWZzHjZWnFJ4d5hu+oJliRySbhskiuVCSgP3Z0Grx/Q4cJu35O1LkwcVi8ZbYk/Ud+5pHa/U6i8bYcvxSVb2bEY9Q2t8dF9ev1aSRNNaOj7Y+2aenAwPo9Whr4DryVrAjI/CC7phv6SOSJ4o9y5Ro3Z9yEfy42wOOEL2+Q/6j9dWMVGyuaZkJ9eXRAeRHkcpuUs/kDR07bMBUolz9tfaMZWNtGgeEgm/r39fnvs1B08Pv0sHeYxh1QrNhzG076lhSVuTzxzPYplehgZNeOVseotQHRufsVMXH5paAIMgkXISUHF1dnX4U/7biSldiCG1JNvFCcTTLTEtsPC0H8Hxt5PEr8vVe4Tdfk6KVjZOVdi1alOiDyw4O8jdNKrM8gDE83tG++/RRptxu4pBvdX65AnQeocsA8S4l9hLdB76duQYAjF6iV37rheioOj9jPJR4wi8zajeNnyDbxC5B12I7Pnqz6DQvQkvADK6x27dA6mAVIqq6ORXCXENjh8W/n+9Math2l07csnjzi67np/8a9Gn01LT9xr/xFZgY+ztnHRtDSnxXfKEx3IpOvgfmP6qan3nAIMVmfkcSWd9tnC1m+qQDy/nNQ==",
                            "ssh_keys.2": "ssh-rsa AAAAB3NzaC1yc2EAAAADAQABAAACAQC2mkHco9DUiVq9bRiDgC0gOJPqgMN92LvX0KHNPFgat+T+MzwJ9nEHH00A4e2oJFCUKaGgQ5O+4ZZGdChzvdTfcQMi//MRNMzivGYIJsqUa5FUpCqxq4YOqTx+HViq9ni2oeYsAUNGRSy2HNtIEooVjx2g/ZVLKWnRALZCTKFHCOinZiassXcsmqb1WtyPkA5FazBdJQ+NMsjl0k2R1N119Hx6kUu9+ufTfJDGEANAO++nYKJRah0bcX/7XWTZ0SPUa5bIIsIITF6RHGS9nyz9KwZvli2GyDFMqQ2/AsoVCtbZuYYIFfbwT63Uluu3Ev2HKDa2IFn//ENgaeQl0WI46CiyzjxA84yrwEsJ9FtCNwPZLQ2vjIi6WzwZuA4OWCS4dCBuy2DgnxuehsZuVH60GBzeKWoLp0oHLVL+tOzNmXpJybPpMvyR0g++bs5FbzuzVl4bgCOsiF+80QdylOmal5o2IGLf9IvW+MtM4sKhSLhH+yGiD5ZhZhSr7gt6fU0GBnaFb27Qbc6xOnR29d4nGfwzDLKHMOE+XqLbBiIqhw0XrOsF+oS39zRObpYmsvi9UOg2QQXMjoaEKq6HTEzTZjpHgJViLzwh2EOOf4LrgI/iBWG7rcz3CNpV+65AYpljfskci6lOqg/HUY8AHVS3zvT3bWmKgCDeiZCOQ2lAfQ==",
                            "username": "blairboy362"
                        },
                        "meta": {},
                        "tainted": false
                    },
                    "deposed": [],
                    "provider": "provider.github"
                },
                "github_membership.org_membership": {
                    "type": "github_membership",
                    "depends_on": [],
                    "primary": {
                        "id": "alphagov:blairboy362",
                        "attributes": {
                            "etag": "W/\"b8808e257c713a25df60355d2621679c\"",
                            "id": "alphagov:blairboy362",
                            "role": "member",
                            "username": "blairboy362"
                        },
                        "meta": {},
                        "tainted": false
                    },
                    "deposed": [],
                    "provider": "provider.github"
                },
                "github_team_membership.team_membership.0": {
                    "type": "github_team_membership",
                    "depends_on": [],
                    "primary": {
                        "id": "2826127:blairboy362",
                        "attributes": {
                            "etag": "W/\"d150d548f57da8986f0bf0e87a3e03b1\"",
                            "id": "2826127:blairboy362",
                            "role": "member",
                            "team_id": "2826127",
                            "username": "blairboy362"
                        },
                        "meta": {},
                        "tainted": false
                    },
                    "deposed": [],
                    "provider": "provider.github"
                },
                "github_team_membership.team_membership.1": {
                    "type": "github_team_membership",
                    "depends_on": [],
                    "primary": {
                        "id": "2826126:blairboy362",
                        "attributes": {
                            "etag": "W/\"4c7fd237691764084e3275c979900f43\"",
                            "id": "2826126:blairboy362",
                            "role": "member",
                            "team_id": "2826126",
                            "username": "blairboy362"
                        },
                        "meta": {},
                        "tainted": false
                    },
                    "deposed": [],
                    "provider": "provider.github"
                },
                "github_team_membership.team_membership.2": {
                    "type": "github_team_membership",
                    "depends_on": [],
                    "primary": {
                        "id": "2826120:blairboy362",
                        "attributes": {
                            "etag": "W/\"4baf37e9d1a60e9cdf9270271cc9c7f7\"",
                            "id": "2826120:blairboy362",
                            "role": "member",
                            "team_id": "2826120",
                            "username": "blairboy362"
                        },
                        "meta": {},
                        "tainted": false
                    },
                    "deposed": [],
                    "provider": "provider.github"
                },
                "github_team_membership.team_membership.3": {
                    "type": "github_team_membership",
                    "depends_on": [],
                    "primary": {
                        "id": "2826125:blairboy362",
                        "attributes": {
                            "etag": "W/\"242380ac8cda92ef5a7657dd4c36547c\"",
                            "id": "2826125:blairboy362",
                            "role": "member",
                            "team_id": "2826125",
                            "username": "blairboy362"
                        },
                        "meta": {},
                        "tainted": false
                    },
                    "deposed": [],
                    "provider": "provider.github"
                },
                "github_team_membership.team_membership.4": {
                    "type": "github_team_membership",
                    "depends_on": [],
                    "primary": {
                        "id": "2915524:blairboy362",
                        "attributes": {
                            "etag": "W/\"ba21b01b2737a0862b6305438befa170\"",
                            "id": "2915524:blairboy362",
                            "role": "member",
                            "team_id": "2915524",
                            "username": "blairboy362"
                        },
                        "meta": {},
                        "tainted": false
                    },
                    "deposed": [],
                    "provider": "provider.github"
                },
                "github_team_membership.team_membership.5": {
                    "type": "github_team_membership",
                    "depends_on": [],
                    "primary": {
                        "id": "2826122:blairboy362",
                        "attributes": {
                            "etag": "W/\"a27156e3f63bacef28f3bd2d211e4b67\"",
                            "id": "2826122:blairboy362",
                            "role": "member",
                            "team_id": "2826122",
                            "username": "blairboy362"
                        },
                        "meta": {},
                        "tainted": false
                    },
                    "deposed": [],
                    "provider": "provider.github"
                }
            },
            "depends_on": []
        },
        {
            "path": [
                "root",
                "user_bravegrape"
            ],
            "outputs": {},
            "resources": {
                "data.github_user.user": {
                    "type": "github_user",
                    "depends_on": [],
                    "primary": {
                        "id": "17963330",
                        "attributes": {
                            "avatar_url": "https://avatars0.githubusercontent.com/u/17963330?v=4",
                            "bio": "",
                            "blog": "",
                            "company": "",
                            "email": "",
                            "followers": "4",
                            "following": "1",
                            "gpg_keys.#": "0",
                            "gravatar_id": "",
                            "id": "17963330",
                            "location": "",
                            "login": "bravegrape",
                            "name": "",
                            "public_gists": "0",
                            "public_repos": "7",
                            "site_admin": "false",
                            "ssh_keys.#": "2",
                            "ssh_keys.0": "ssh-rsa AAAAB3NzaC1yc2EAAAADAQABAAABAQDNdyEwwLId5/Eh16ATVG57FsMdWyqVv6OhXpgXRaGNZOz8/MYyM5s0u0zK0q/bKTHFQgOdn9052Ddr06gUeaW96b+nIfpN44ZX4XVX6hlxkhJ6i61biuPwfz+vIDchH6dpehCafYZJSnVt/h95WsZp3QORImKoCf2RMGER17dbjOLzMi1X2F6AKS/k1h6nT8fOcczV98DCDV6TTzgCvsSMOfo7W9D5jOPHwoZ6v9inqCN7DO1ZhnLOZ81OmcPSUmaRXjx8yS2aoNkdCPkz3ElLGC02o8DS0X6bJ4Lt+pdgWke0lr3XoFMGWvXYO20zKeqZcIDdGaiClfQJm9mLMBF1",
                            "ssh_keys.1": "ssh-rsa AAAAB3NzaC1yc2EAAAADAQABAAACAQDmeNS67e6GILL+tYA0+eETtP1caA5NLqGqk3ZelNeR/Hvm7OX+VTq66gCr7gLry5emhF9O2+mncAKbHtKRd19GCrnzt+R4AyRN4WtPUORff03s5rKDmUXHA9ax6fSrEIFkZ1SDj+Py1knQmd9j6kNFljQPmPEkeIot95NWmGZFuz1d4kaQ0Yx538t0KbR2pebVOpC7xv7/PWWLEelxWfnJ3B3IJs3OK8BCtB1MazY0uLmo0Ty7HkjzW7ybFXko5S48YE9W9MdznGVwDTSX5rIByv0uPjtaLKUkWPxwfoSOu3QH02KvckdU4i50MrbECiSMJmfj9tdZfFLVNTh95qFA3M/72alAokvQCJnouXfSCzsk1R+JTEeb+eQi69aLx/fi1jJE1Y0xA0vSNPJs4UGf8Xb2qRZzMNsg7xBRXTlenKYQawIQYTI+H9tbftn9+zy1WDVWCq7zMkcyibbqyAvWEJail5Yv+jqLt1wVuaNtMjJMkaa9GV4FgAgKFwIRlKQRNsWzbIgK0DdanMby5hQVtYZRr+Jgj1naQmna8aWd7XT7thdXlEYf4YqhNR6STkJDG+kFnx1/0y2M8JZqTwlbt+ahPzSpXVh6TlZkH0TulZkVZPoNX4uBMTDuSkfbqab5h+K6M544As7gjtteJK8KbSBlOGtnKdeMU0Ylbg3BTw==",
                            "username": "bravegrape"
                        },
                        "meta": {},
                        "tainted": false
                    },
                    "deposed": [],
                    "provider": "provider.github"
                },
                "github_membership.org_membership": {
                    "type": "github_membership",
                    "depends_on": [],
                    "primary": {
                        "id": "alphagov:bravegrape",
                        "attributes": {
                            "etag": "W/\"1f7076821bec89866d6a808884d54c1c\"",
                            "id": "alphagov:bravegrape",
                            "role": "member",
                            "username": "bravegrape"
                        },
                        "meta": {},
                        "tainted": false
                    },
                    "deposed": [],
                    "provider": "provider.github"
                },
                "github_team_membership.team_membership.0": {
                    "type": "github_team_membership",
                    "depends_on": [],
                    "primary": {
                        "id": "2826122:bravegrape",
                        "attributes": {
                            "etag": "W/\"fa656bd7e2f34c06b96da1cf3dc534f5\"",
                            "id": "2826122:bravegrape",
                            "role": "member",
                            "team_id": "2826122",
                            "username": "bravegrape"
                        },
                        "meta": {},
                        "tainted": false
                    },
                    "deposed": [],
                    "provider": "provider.github"
                },
                "github_team_membership.team_membership.1": {
                    "type": "github_team_membership",
                    "depends_on": [],
                    "primary": {
                        "id": "2826127:bravegrape",
                        "attributes": {
                            "etag": "W/\"58e3f89e0e6c39ff41c213f3ae6db96e\"",
                            "id": "2826127:bravegrape",
                            "role": "member",
                            "team_id": "2826127",
                            "username": "bravegrape"
                        },
                        "meta": {},
                        "tainted": false
                    },
                    "deposed": [],
                    "provider": "provider.github"
                },
                "github_team_membership.team_membership.2": {
                    "type": "github_team_membership",
                    "depends_on": [],
                    "primary": {
                        "id": "2826126:bravegrape",
                        "attributes": {
                            "etag": "W/\"676c4380f072a880bbf47632a2a0830d\"",
                            "id": "2826126:bravegrape",
                            "role": "member",
                            "team_id": "2826126",
                            "username": "bravegrape"
                        },
                        "meta": {},
                        "tainted": false
                    },
                    "deposed": [],
                    "provider": "provider.github"
                },
                "github_team_membership.team_membership.3": {
                    "type": "github_team_membership",
                    "depends_on": [],
                    "primary": {
                        "id": "2826123:bravegrape",
                        "attributes": {
                            "etag": "W/\"ad91a551c98a43d81c0b327dfb161280\"",
                            "id": "2826123:bravegrape",
                            "role": "member",
                            "team_id": "2826123",
                            "username": "bravegrape"
                        },
                        "meta": {},
                        "tainted": false
                    },
                    "deposed": [],
                    "provider": "provider.github"
                },
                "github_team_membership.team_membership.4": {
                    "type": "github_team_membership",
                    "depends_on": [],
                    "primary": {
                        "id": "2826125:bravegrape",
                        "attributes": {
                            "etag": "W/\"8d87f7fb27180d719709c08318965545\"",
                            "id": "2826125:bravegrape",
                            "role": "member",
                            "team_id": "2826125",
                            "username": "bravegrape"
                        },
                        "meta": {},
                        "tainted": false
                    },
                    "deposed": [],
                    "provider": "provider.github"
                },
                "github_team_membership.team_membership.5": {
                    "type": "github_team_membership",
                    "depends_on": [],
                    "primary": {
                        "id": "2915524:bravegrape",
                        "attributes": {
                            "etag": "W/\"0ab54d323107291a1de370741e18274a\"",
                            "id": "2915524:bravegrape",
                            "role": "member",
                            "team_id": "2915524",
                            "username": "bravegrape"
                        },
                        "meta": {},
                        "tainted": false
                    },
                    "deposed": [],
                    "provider": "provider.github"
                }
            },
            "depends_on": []
        },
        {
            "path": [
                "root",
                "user_brenetic"
            ],
            "outputs": {},
            "resources": {
                "data.github_user.user": {
                    "type": "github_user",
                    "depends_on": [],
                    "primary": {
                        "id": "3466862",
                        "attributes": {
                            "avatar_url": "https://avatars3.githubusercontent.com/u/3466862?v=4",
                            "bio": "",
                            "blog": "",
                            "company": "",
                            "email": "",
                            "followers": "4",
                            "following": "0",
                            "gpg_keys.#": "0",
                            "gravatar_id": "",
                            "id": "3466862",
                            "location": "",
                            "login": "brenetic",
                            "name": "brenetic",
                            "public_gists": "1",
                            "public_repos": "2",
                            "site_admin": "false",
                            "ssh_keys.#": "5",
                            "ssh_keys.0": "ssh-rsa AAAAB3NzaC1yc2EAAAADAQABAAACAQC5GqE9ZyPi5nWLGeXzqgLL+vUYiGwePulBhCaeiIMXmDX9JVG94r4o/WgUgkOLiON+j+F4m41GMnHsWSZ8+Fd4lJHHaIuX+DtK6COsIyezIF/4963wRZFaak9Z8J1XX82Su3wY7DtBuszYZEPon8uZj3/hGTmSd4Gm5x7fVZSCAiv4QTICCw3omrJw0zIeKCQCpmmRIkyHu1HOcz3WB4hJtPDgmZ5OgPtZ58R5pC6j0wzCoAnerNlXC/+t3Z321zOF9PNgxdqDjkElJsWioB9V3/MZfVxj3u1OrYWBblv92LBExHpbZUlrw9zxEDcugq/KQFG5eva9RjeRxZK99OAlApRBfYEL8/cEnxp04ZTTfPF2RrFlkgpZ+xMZIfm59uo/zK9sLB5slOwryhx3WeU6BDAJa+Av0cU8bj8j93RKyXsnhrBZIj3zttDfD5zogX9DCbJ4xi12b4PzpMuR0FaWOVc5qqcWWBCVXZmUoF6DYpErE+jIWs1TAJynr4/BktkQQAHLf/K0VrT6JthrWRGfegqqBvwLo7AeXdcNYwbp7H/blnroBVWNZIRdjaGtVncaFLY21Xvy0gPlEbW/w+c3UqhS1dopjzg/QLRy7uSxCRLJfZOGRvY0NVPwB4rxb6tz68ZSbmgfvWnDQSLKyWyZPb1t+XB1IA9L5vd9lbgKWQ==",
                            "ssh_keys.1": "ssh-rsa AAAAB3NzaC1yc2EAAAADAQABAAABAQDYL7yzwWH04qIDxdXkuIID4REubus9i9bYulu7gqpVA1ikHC8l6P9pjxpsF2Pno0k/wL3Lp+UA2IBtYPBCJsdH/v7kQaxsGwotocWUyDbDVXxj4ll/WYYg5Lmucz9NZ10gvWATps1/KRqYzA/HJQvxECwigKprpJAn4FHtuA1zhzWeYRf4v6Ynlrb7ZjmW0YBbb2jWEPAgIYRVBQJW5oBAkjURG2eyas3nAMbng4sJUbqBt5o1sbyhbbd0FOxK5w8yZeCNTuNRC4Wtl0QEHNSRAuZbqATp6Z2LFO5WFK4Tvqgv6IW+I10iwfuUuhV5tor3xisMbdlzo8Fo8l3ta9Pl",
                            "ssh_keys.2": "ssh-rsa AAAAB3NzaC1yc2EAAAADAQABAAABAQC6eOrrAb2t8q4AqvlGECYlEYoYdq6wIVsgZj2uDd30E2p1ij3ztbG9uHYF6ddbkCArUxXZPPFXAMgeH9W/kmITCRK5ySMVrAcxNeO2ZoyhPlkLlv2RRbBsOPhVvFZuLrWFZdpt9v2XgvrXzPI/50r5zoz1skwOHnFFm7wmek9rc6qIsItAvlELfu01CF78T6PrmKPHBi8xZDlgkEgbmB0vhfmKsuW/gQjrpHoeOhYugzelKnto5InOLUjYFxI3Dxq0f+qUq/NmdfFx0audr+ERGQ++iR3njxg4RZGeAzKkg6I+MkwSHPaC7qkoe+8QF/Tm8kgzh17p6EYyRvwrt/ml",
                            "ssh_keys.3": "ssh-rsa AAAAB3NzaC1yc2EAAAADAQABAAACAQDEQuPObgzQYpNZv72Zc6FvzxZrOdZOOp9bn/q53KG83VPCTiGpeNfkokJEZCYXmjISbpyZLDQan0BsiM3SdwoJhpSvPF+Pl1ChQm1O53G95NZ2ktIgwbAGQvKiUNDeLl8U6i4HsSTJCQMhQAhHBHzehy8v4yC0YFLHNEPhALbuYC+XGMkae0uX7XuhbHRDs0zLbJWf7KJbK68tnycCvOol2eF7cZkaw/bHAYqW3YJU+cwrCXiCVbx4OwEOvek2DfGg1fLeq1tf33lrnMgI71h2kT4yoCthHs+2zYizuUsYeqFS/5cSLwEOF1JkVQrh61RIoebk4L0ZqtxpyMwgD2XgkmCPu0Nodvy9wqWh01wUdDLSwpvlz4117zMlNEyR4OrTNe+b6gvcbKbYxFt7jKEMmMVcJ5FDthKRJXxT93T1l80QvO/Pqfg0vlGHqh3FnOy/caOWjClwRJiukmnWYtB/aM2cBH4r1oM6qrNNXVBEaFFJTc57salR7+BgSRC+RUM44WBcC44D2/lKfS+tT3ayb7V9/Fs+RfTsXD0xBML/0dw+HgEKC3SrnKfPrdm8kGgHaN4qg3whoe4uNuqygRf59jE3t50CT6v9v+xc1kKB/1CjZVE2MGDjwEM0U7TA66VznFBn8VWUsnfzk/D5LIlRUFMXy4+zNTElhXEEZEPENw==",
                            "ssh_keys.4": "ssh-rsa AAAAB3NzaC1yc2EAAAADAQABAAABAgC7dTF0WalKyHH3pWmt3zOhDyrWJ+RBAZedFrTuFzKlagtE6Dryk2BziTQfQNI+epv2PjKwZCXTiifVQ5N5YfE9a6z1mOBDbBszJpCfvHHN7iYes0f7nHUxEWfwGgdmib0g9aSP9xzl18OA1eAisxSzNRXMSJl4j5LJtRysxot/PHgKWe/YJ61+P8bpy5KfQPplngqXVu6TKoivCfias8Dop0gs8CTmojoBXFaZM2L20vrMO4ENhQJPKgCyjy+4z687vTo59PKsrG5pOFPy9CzPqEZLvlHo2G5ueIGCCoF+7E3a8qkf2xsDZ8Jcxm1hNJVNWztcVnbrjbEEJsIMy+sMZw==",
                            "username": "brenetic"
                        },
                        "meta": {},
                        "tainted": false
                    },
                    "deposed": [],
                    "provider": "provider.github"
                },
                "github_membership.org_membership": {
                    "type": "github_membership",
                    "depends_on": [],
                    "primary": {
                        "id": "alphagov:brenetic",
                        "attributes": {
                            "etag": "W/\"99141c337a17a4ad517ca2d752ecf532\"",
                            "id": "alphagov:brenetic",
                            "role": "member",
                            "username": "brenetic"
                        },
                        "meta": {},
                        "tainted": false
                    },
                    "deposed": [],
                    "provider": "provider.github"
                },
                "github_team_membership.team_membership.0": {
                    "type": "github_team_membership",
                    "depends_on": [],
                    "primary": {
                        "id": "2826122:brenetic",
                        "attributes": {
                            "etag": "W/\"51593cdf4b0566c5c04e8f788e3c477f\"",
                            "id": "2826122:brenetic",
                            "role": "member",
                            "team_id": "2826122",
                            "username": "brenetic"
                        },
                        "meta": {},
                        "tainted": false
                    },
                    "deposed": [],
                    "provider": "provider.github"
                },
                "github_team_membership.team_membership.1": {
                    "type": "github_team_membership",
                    "depends_on": [],
                    "primary": {
                        "id": "2826127:brenetic",
                        "attributes": {
                            "etag": "W/\"9ff7135c5698c3f084424f4e1d19cabf\"",
                            "id": "2826127:brenetic",
                            "role": "member",
                            "team_id": "2826127",
                            "username": "brenetic"
                        },
                        "meta": {},
                        "tainted": false
                    },
                    "deposed": [],
                    "provider": "provider.github"
                },
                "github_team_membership.team_membership.2": {
                    "type": "github_team_membership",
                    "depends_on": [],
                    "primary": {
                        "id": "2826126:brenetic",
                        "attributes": {
                            "etag": "W/\"71644f61b73f1415252e0eb465eda16d\"",
                            "id": "2826126:brenetic",
                            "role": "member",
                            "team_id": "2826126",
                            "username": "brenetic"
                        },
                        "meta": {},
                        "tainted": false
                    },
                    "deposed": [],
                    "provider": "provider.github"
                },
                "github_team_membership.team_membership.3": {
                    "type": "github_team_membership",
                    "depends_on": [],
                    "primary": {
                        "id": "2826123:brenetic",
                        "attributes": {
                            "etag": "W/\"0d8f0e129b0ac57eafd97b2df376b109\"",
                            "id": "2826123:brenetic",
                            "role": "member",
                            "team_id": "2826123",
                            "username": "brenetic"
                        },
                        "meta": {},
                        "tainted": false
                    },
                    "deposed": [],
                    "provider": "provider.github"
                },
                "github_team_membership.team_membership.4": {
                    "type": "github_team_membership",
                    "depends_on": [],
                    "primary": {
                        "id": "2826125:brenetic",
                        "attributes": {
                            "etag": "W/\"69050961ad5ee351743bbfa861d10ff3\"",
                            "id": "2826125:brenetic",
                            "role": "member",
                            "team_id": "2826125",
                            "username": "brenetic"
                        },
                        "meta": {},
                        "tainted": false
                    },
                    "deposed": [],
                    "provider": "provider.github"
                },
                "github_team_membership.team_membership.5": {
                    "type": "github_team_membership",
                    "depends_on": [],
                    "primary": {
                        "id": "2915520:brenetic",
                        "attributes": {
                            "etag": "W/\"3bd48675ca4cd96338eae9e262784989\"",
                            "id": "2915520:brenetic",
                            "role": "member",
                            "team_id": "2915520",
                            "username": "brenetic"
                        },
                        "meta": {},
                        "tainted": false
                    },
                    "deposed": [],
                    "provider": "provider.github"
                },
                "github_team_membership.team_membership.6": {
                    "type": "github_team_membership",
                    "depends_on": [],
                    "primary": {
                        "id": "2915524:brenetic",
                        "attributes": {
                            "etag": "W/\"69cccdd8c8a3ae982f40059a74cf6c9f\"",
                            "id": "2915524:brenetic",
                            "role": "member",
                            "team_id": "2915524",
                            "username": "brenetic"
                        },
                        "meta": {},
                        "tainted": false
                    },
                    "deposed": [],
                    "provider": "provider.github"
                }
            },
            "depends_on": []
        },
        {
            "path": [
                "root",
                "user_callumknights"
            ],
            "outputs": {},
            "resources": {
                "data.github_user.user": {
                    "type": "github_user",
                    "depends_on": [],
                    "primary": {
                        "id": "24547183",
                        "attributes": {
                            "avatar_url": "https://avatars1.githubusercontent.com/u/24547183?v=4",
                            "bio": "",
                            "blog": "",
                            "company": "",
                            "email": "",
                            "followers": "1",
                            "following": "2",
                            "gpg_keys.#": "0",
                            "gravatar_id": "",
                            "id": "24547183",
                            "location": "",
                            "login": "callumknights",
                            "name": "",
                            "public_gists": "0",
                            "public_repos": "9",
                            "site_admin": "false",
                            "ssh_keys.#": "1",
                            "ssh_keys.0": "ssh-rsa AAAAB3NzaC1yc2EAAAADAQABAAACAQC5aPNR4RbZB+AsryiZR16YBq1GSKAyeYmjnuIKdGSJZcvDdBmM6LBYFynf2vmwxWGD6U+qRly65H7frSPwuzTjg6TB9zO0Gb5OhC7wgXwRNOAOuFcA9EcV7vDTgeMNlNzirmbB19a4XgzpNZt+u1OjgVeEgx0hdF3v3/y/dqnsmdLZmA3/hVcZuO5yS/JBK6of/gVZ1RJMtE5pA3V/E3a/rmG3fKvvqSvjmTf3Z3uwb94QmKjuhVaZjElT0SCNtqZgBvtXvdQes1ru6K1Bfl/hS6TCO6oGJm6YnVRvp+ql1lf87DHqFYobgBypT8Q1u+mzU0oTuNiHnoAF/Z0Plbl9AMjfsx41sMlNRN+K0V9YMkOHU5XkLDtK2uNkmzbHguhmJm+F5sptXL1jYZg8jnGGHalNosvZjkBqY+YSDsGyyq6dhmLxGp9aDzQdf85d82jEoyss6tIKcw5hB0ClCunamZzmJ+de1gXMiogWEOZgsUmeBrpdItHejeF8tILi9DYsMMtSXxVCAfRFfaqQR3rvwYE62f/xsV7hxXr4aRDyuL4BUOAx3Lqu0OVVjb+YgyZgJgZNJZjI41qStTYP6Fb+T0jPVYfYm9/ftJuLnjct71INK+O5Gupk40aIwOTImfGSZdwcVKCMhDKruqESBE4ZWACj9Omom+wlvYcP4X75nQ==",
                            "username": "callumknights"
                        },
                        "meta": {},
                        "tainted": false
                    },
                    "deposed": [],
                    "provider": "provider.github"
                },
                "github_membership.org_membership": {
                    "type": "github_membership",
                    "depends_on": [],
                    "primary": {
                        "id": "alphagov:callumknights",
                        "attributes": {
                            "etag": "W/\"84f4ad9fa91d87a0f731874111146c0a\"",
                            "id": "alphagov:callumknights",
                            "role": "member",
                            "username": "callumknights"
                        },
                        "meta": {},
                        "tainted": false
                    },
                    "deposed": [],
                    "provider": "provider.github"
                },
                "github_team_membership.team_membership.0": {
                    "type": "github_team_membership",
                    "depends_on": [],
                    "primary": {
                        "id": "2826122:callumknights",
                        "attributes": {
                            "etag": "W/\"2b7c981319a277eefb5d105f3449acef\"",
                            "id": "2826122:callumknights",
                            "role": "member",
                            "team_id": "2826122",
                            "username": "callumknights"
                        },
                        "meta": {},
                        "tainted": false
                    },
                    "deposed": [],
                    "provider": "provider.github"
                },
                "github_team_membership.team_membership.1": {
                    "type": "github_team_membership",
                    "depends_on": [],
                    "primary": {
                        "id": "2826123:callumknights",
                        "attributes": {
                            "etag": "W/\"f9965dd474b5ce406d5458691bd3b0dd\"",
                            "id": "2826123:callumknights",
                            "role": "member",
                            "team_id": "2826123",
                            "username": "callumknights"
                        },
                        "meta": {},
                        "tainted": false
                    },
                    "deposed": [],
                    "provider": "provider.github"
                },
                "github_team_membership.team_membership.2": {
                    "type": "github_team_membership",
                    "depends_on": [],
                    "primary": {
                        "id": "2826125:callumknights",
                        "attributes": {
                            "etag": "W/\"fd631a655cca8c5ada8b92f1a0c36173\"",
                            "id": "2826125:callumknights",
                            "role": "member",
                            "team_id": "2826125",
                            "username": "callumknights"
                        },
                        "meta": {},
                        "tainted": false
                    },
                    "deposed": [],
                    "provider": "provider.github"
                },
                "github_team_membership.team_membership.3": {
                    "type": "github_team_membership",
                    "depends_on": [],
                    "primary": {
                        "id": "2915524:callumknights",
                        "attributes": {
                            "etag": "W/\"2b35444c48ae6926f2dabb391d04e3aa\"",
                            "id": "2915524:callumknights",
                            "role": "member",
                            "team_id": "2915524",
                            "username": "callumknights"
                        },
                        "meta": {},
                        "tainted": false
                    },
                    "deposed": [],
                    "provider": "provider.github"
                }
            },
            "depends_on": []
        },
        {
            "path": [
                "root",
                "user_charlesic"
            ],
            "outputs": {},
            "resources": {
                "data.github_user.user": {
                    "type": "github_user",
                    "depends_on": [],
                    "primary": {
                        "id": "3608562",
                        "attributes": {
                            "avatar_url": "https://avatars2.githubusercontent.com/u/3608562?v=4",
                            "bio": "Traveller • Dancer • Entrepreneur • Hi-tech enthusiast • Sceptic • Software engineer • Born-again minimalist",
                            "blog": "",
                            "company": "Government Digital Service",
                            "email": "",
                            "followers": "8",
                            "following": "25",
                            "gpg_keys.#": "2",
                            "gpg_keys.0": "xsBNBFoz8zABCAC2zFZRq0GmBkw/mEtg9GPHlJ9hOSsp0VM2w2h3xKkSeCzGd/N2EAgDBRFvqxKLaCA8xN6265pTg1fSIKGZhP4UzrUiVY9Cfy2WBHHBK/zW0qOxqvXLDKNtXOA7G8ajzWIuFOYg53xubo3G7jeu4e18J5o9gUCTgxTYvFqllTJjO80+Kd1Ropecc/b9Y4LB9H0hRWGeWB7gwAKz62wn+7EQNLl+tRkT0QcgzHUMueP0hFOyc0hadKHEdrGwWtXtkaYYkBrs/lamWNgCR75GNXJfsXG1r6b80f2Zo8GRWPNylAZcxVElBw+8KKdZLccvQTMaJmIRv+7uwoxzMF78nTKVABEBAAE=",
                            "gpg_keys.1": "xsFNBFgZw4ABEACeXCI4UCDONn3XIIKAOSjwBO4nJcrf2hyuOo/ny9jUBr6EN7PJWtS1cP0LaHchzORfdl3Ue8sm9eRi8SiReyuF9PsJT11TDjBQpmoTI42w6QgLYs2lZWc4yfWfC6MA3LPMf/+NlLcH91EfsHYD0QfLWbNJ76SFvbTYkYD1MCM9bpiQD2pQGR2WXEXH/aomQM3lQVCwhjERMf3q91zjmSBqh8Zc6sZv5HAo5w3XFqTbX2xDdLR7ckDJSJe0+KzNDqjqG2OAqv4alS8zoHeqUC+2tDGuhsul77vCKpQ377nBI00X6NfC3GPwJQ8E9jnDuDbmFEYgX1SsufFLEbX9mDQMsrc5JIYxaZuzmAz7DK2CoVhizGD6g5VSXzr/QCpE8nlABwBG63ldfsJul0d0eAQkzXN4mU874qTFjUAbEksO8nCAzXD9MlVAke/TXAI7bA3sZTldjSpDRTQDAcvsPSZI3SxkZV08djTG16/cfQJaROQ9Xz+R5Fwy+b3PikkcYGVS49Ky7fXnLDXvluSm+3Oa49tBkffFyf0eRjvWfiQrgdarmubH16UaI2i5eHVMJDy26cZY5hcMLExodfN40c9GFAGCCyLDaA72vqNgk2wmo1E0yh9DDIsk1IFFDMEXDjWf56fzB1DOtyVWv1d6CGXALB0OvhEnVV+dSfF+29YqiQARAQAB",
                            "gravatar_id": "",
                            "id": "3608562",
                            "location": "London, UK",
                            "login": "CharlesIC",
                            "name": "Charles Karol Gancarz",
                            "public_gists": "1",
                            "public_repos": "24",
                            "site_admin": "false",
                            "ssh_keys.#": "4",
                            "ssh_keys.0": "ssh-rsa AAAAB3NzaC1yc2EAAAADAQABAAACAQDOQAAT3XfOTrFePHIhsrFyTJH+WiIDZwUz0SqK+0PkJ0QjqhgeNpg/BkXKBnOMQhdmoG60Gz8iE/khmzQqG2ioenInOwSHrSmKKdjvetwrO9SGMzmgeLY4fjnjc1zlKaxWIXIKwLr7CaV5PW+dKdgr07T+5Ycs8teHtmXQ79H5dSK1xnE/7EnM+tuP8rWmAd2A0PeEw53dmnD6/6EoAJGs7/exMDuwD/6Ug7k2Ds+rBvfiwRO1IpCIVCqlkLpI1kBo3FqqpQgs8rNObszWdTwjws3ZfpYz6HztocE/Oo6Z7Mk5P/nWErHGC8lubAwiEcRSXWn9CLZs3pFh+8BQDOrzXrQ9hQf+VqyTdJKM0jjGw5g93dr2/+8wiGEUHIg8F6q0QZDTgQk6eNy12YmWS/t6cI/nMXA+O4yNphi0QYJjSGBNcxsdxhdXZXLN0zzOXxQCSxhKoGSs0pbOwKFCqELBNUHPIHI4s7ONkFAgiS6/PVInwWVDrb6qg5c3+sp9Rtbfj+F9CA13U2dVsGuCSJNqvlbOHm+Tu4bGaTt//xufu9kLVMHEzDTPPpt9Am5ayRKFrn2je1nNfBNryU9dQKLzKd86Q381LgDukv3Cyy1pGV/CnQjVZk7hCipslGZUi1i73umv0nRwD6ITVmkMM7Wfg5vjKlAvEPts5RlRvlzctQ==",
                            "ssh_keys.1": "ssh-rsa AAAAB3NzaC1yc2EAAAADAQABAAACAQDds6HauwIZgfC2lVap6NaV+OTk7pYRfW4YylnSJCa5R+V/F4yWmAckkfbM6kH6KJyoTqj1+4eCm597RrGeMKpK5z0PfVqVut8awRaD/gCeF7O3BtOYzcWtJdmvofL1YvZaBAVlW7YYzO+hGKTPY969wDbMtOyKBVS3VjS8OUIN0O8XAkWtp60Hy0HXc0Z9eTw7cdJD+VcrlzUyUvj/LvGPuRVXUjJSH1Irwjoj3uNRbAUW9Fi+EktfkaZNbo+oab92dk59wCOGoGfRI2kgBE5jjKqcrRCsSkMxkBuX20yqFMBqCeyy6YMw2uXUqDIGE9vdNMrhmSq9r24FT/rv5RCA9Waegep78nC7cG6deH1NU7xoJgbg7lAsnCW6NO/ah7vn/D77iAKT4gdD9gd8HRBiyhDWwW1LfQqErYbnZopE4vC5oJ9kEfC1DeCKLgsJGvbqDLnv8bEdV9HFhwipZxoeMrOnJzEfBsrxk9TJwVg+gKyInkfCvEjYSJos3L/yBIgrWzrSXg/3GXgi82LCBAqeeqiGPNWDZC1Sd0/KDO+JodfDcWxBGE7I0b1l4/dEwjnZmzyIlEYlpR2A9OgaIRqexD99Ya8li7O+P5WeOJFF8cEnns7kqEuadKhk5jJujW6X6QIbqWZopkE4im4ZJcRBcgaXPkuK9CIbuDNyRCcSiQ==",
                            "ssh_keys.2": "ssh-rsa AAAAB3NzaC1yc2EAAAADAQABAAACAQC7tgFowAqpxK2kOtVtSRm9pWsPN5bK0JgeMCPYupuZzxhPInbMtQRNYClWIR7z3JVOtnAvp3e/sZvBWv9ZiHMaxQKDAWqMd0lTIbQ1RV+coZuFew8rw5tNO2q0mGj+vWC4hKg5dXz4j4fu0RhQD0pUzT+ZYZNztpdbdJ34R/h77pzjc4SP7q/s70BcHnrZP3STRq1VZfTE+sC/8ijsoEepc+M+mHzTIja6AnggyAYtP/Jrg1emTpX+Mq47k20q1THivRXK8q4GZjf/2I9Rs20LJgeUtLQqAMrN6aClnhfZB0hwAzuFMrZ+rjI8Rh9WvajoSOtgH8CC48BhsRZyWphPRHhO/akvHvDtSRaWGF2KJR+ixGwyNTQCNkD0nF1lMIiA5C7gHldtysBuhVvEIiMWLyzrpAE8LizkCfW7k1iW15BzP4zGvxOl0YAD7GUkP6kyZtUaAPH6S2P6GMlVyesK3qtFYZYIJyL4KCjg4HMBdfyINT9/7WHQlgJfzVdkU2wsteUemQrdN0pUlFiOm2NGDSQ6nN/qZ7E0yeVhy4ALIuaJD4lgDefd1WJt2+Ty4uCnzYSmp1JRzBYceOn4Pdq2ruoqw2m6PiaJvFeZeEwrGFWqtoZ0KMR1HXCCY+ppkpkX29HOj738wxvNoO70Dob5V8Euni9pvQ0QOQNQvAle7Q==",
                            "ssh_keys.3": "ssh-rsa AAAAB3NzaC1yc2EAAAADAQABAAABAQC8FO0tsNCL5kH+24sg3XBTbDY/K0Dnm/bqhGNj6ze8O05VUTV8Q8W8ks29Nhyy7kTdv1C1hGhsbNOwJxi6CnSaWezL6o/uyjlvoY7tqkYc2xG9+Ktrzf3/dSqenjipQhiFYkyoOzuYrTdzFDF0v3WITlyJ+PO9oEW+nvFZuB3Vgv9WHbruC+60MiaJYEI+Mb0bdcyGeguTm2iBDk3KhOFqf/Qx8y370TD2ncsBU+xp7pwkoOuKZ36qH98oMfh6YA3d0E6sCwpJbHO/4jK5cJA9Y+kodLVf3CMxTRRTLFRNPcwvH+Xjke+HouDg/ZBefzTs3QLz7wBEoWNi66ufA8tL",
                            "username": "CharlesIC"
                        },
                        "meta": {},
                        "tainted": false
                    },
                    "deposed": [],
                    "provider": "provider.github"
                },
                "github_membership.org_membership": {
                    "type": "github_membership",
                    "depends_on": [],
                    "primary": {
                        "id": "alphagov:CharlesIC",
                        "attributes": {
                            "etag": "W/\"e58f27ff4d129c685965175e85bf0209\"",
                            "id": "alphagov:CharlesIC",
                            "role": "member",
                            "username": "CharlesIC"
                        },
                        "meta": {},
                        "tainted": false
                    },
                    "deposed": [],
                    "provider": "provider.github"
                },
                "github_team_membership.team_membership.0": {
                    "type": "github_team_membership",
                    "depends_on": [],
                    "primary": {
                        "id": "2826122:CharlesIC",
                        "attributes": {
                            "etag": "W/\"a1a00f6f833957c689a132dd76c78c0d\"",
                            "id": "2826122:CharlesIC",
                            "role": "member",
                            "team_id": "2826122",
                            "username": "CharlesIC"
                        },
                        "meta": {},
                        "tainted": false
                    },
                    "deposed": [],
                    "provider": "provider.github"
                },
                "github_team_membership.team_membership.1": {
                    "type": "github_team_membership",
                    "depends_on": [],
                    "primary": {
                        "id": "2826121:CharlesIC",
                        "attributes": {
                            "etag": "W/\"b699238ec56c01723ed64440fec45193\"",
                            "id": "2826121:CharlesIC",
                            "role": "member",
                            "team_id": "2826121",
                            "username": "CharlesIC"
                        },
                        "meta": {},
                        "tainted": false
                    },
                    "deposed": [],
                    "provider": "provider.github"
                },
                "github_team_membership.team_membership.2": {
                    "type": "github_team_membership",
                    "depends_on": [],
                    "primary": {
                        "id": "2826120:CharlesIC",
                        "attributes": {
                            "etag": "W/\"6bdea853b383c5db93b12432ea3ab975\"",
                            "id": "2826120:CharlesIC",
                            "role": "member",
                            "team_id": "2826120",
                            "username": "CharlesIC"
                        },
                        "meta": {},
                        "tainted": false
                    },
                    "deposed": [],
                    "provider": "provider.github"
                },
                "github_team_membership.team_membership.3": {
                    "type": "github_team_membership",
                    "depends_on": [],
                    "primary": {
                        "id": "2826126:CharlesIC",
                        "attributes": {
                            "etag": "W/\"4d01404fb6f731c50076af0a38a1ec2b\"",
                            "id": "2826126:CharlesIC",
                            "role": "member",
                            "team_id": "2826126",
                            "username": "CharlesIC"
                        },
                        "meta": {},
                        "tainted": false
                    },
                    "deposed": [],
                    "provider": "provider.github"
                },
                "github_team_membership.team_membership.4": {
                    "type": "github_team_membership",
                    "depends_on": [],
                    "primary": {
                        "id": "2826123:CharlesIC",
                        "attributes": {
                            "etag": "W/\"a8b338780412b5ab37103c85f0659fcb\"",
                            "id": "2826123:CharlesIC",
                            "role": "member",
                            "team_id": "2826123",
                            "username": "CharlesIC"
                        },
                        "meta": {},
                        "tainted": false
                    },
                    "deposed": [],
                    "provider": "provider.github"
                },
                "github_team_membership.team_membership.5": {
                    "type": "github_team_membership",
                    "depends_on": [],
                    "primary": {
                        "id": "2826125:CharlesIC",
                        "attributes": {
                            "etag": "W/\"137f02cef66d036f19a079ff94278641\"",
                            "id": "2826125:CharlesIC",
                            "role": "member",
                            "team_id": "2826125",
                            "username": "CharlesIC"
                        },
                        "meta": {},
                        "tainted": false
                    },
                    "deposed": [],
                    "provider": "provider.github"
                },
                "github_team_membership.team_membership.6": {
                    "type": "github_team_membership",
                    "depends_on": [],
                    "primary": {
                        "id": "2915524:CharlesIC",
                        "attributes": {
                            "etag": "W/\"08814741c4f4074bd7a650677df137ed\"",
                            "id": "2915524:CharlesIC",
                            "role": "member",
                            "team_id": "2915524",
                            "username": "CharlesIC"
                        },
                        "meta": {},
                        "tainted": false
                    },
                    "deposed": [],
                    "provider": "provider.github"
                }
            },
            "depends_on": []
        },
        {
            "path": [
                "root",
                "user_chris_wynne"
            ],
            "outputs": {},
            "resources": {
                "data.github_user.user": {
                    "type": "github_user",
                    "depends_on": [],
                    "primary": {
                        "id": "13836290",
                        "attributes": {
                            "avatar_url": "https://avatars1.githubusercontent.com/u/13836290?v=4",
                            "bio": "",
                            "blog": "",
                            "company": "",
                            "email": "chris.wynndow@gmail.com",
                            "followers": "30",
                            "following": "51",
                            "gpg_keys.#": "1",
                            "gpg_keys.0": "xsFNBFi5a34BEADiphRzdUqzGbHXIK3cSBZIYmpkfvLaGIjd7FNkqYzzdc0h7LYtPcvShF+vRFOwWTWAMqqHDX6g28Sit9YM3akdaiEraohfl2q4nLf3W5MepPW9X+AOYwPYvz1u7JASi+kh9f0dhxgnD+9QvHlC2GoJth+4PCWF+irOrjhmWEcfaafPIGIk3zMSB54jg0OXWJZIs9Aq0ClNJ+aT2VW76f5KlXsPP4zKAyr623Wwf6X2Lucu523cnNPzxNhdVY7RoAbfw38hPyaD6sOEHRJReHWBgMhP5nSt1WEuHOP+aifdTizE7T4WNwwMJeSLekbAnSIVVaj/k3JKuMk5xPEnzKeci7gd/b3hVuMVJ3SWSFp5kuW0eH90rUF5Amvw6ckhXHgdm0srYAzqUuWYCSNI8tWfR304U5hed7LMSQFZMBC+QRVOtOhRNJwvkZ7i+Gf+1Kh2HWKCnUex6ig2BXrFpfCxb3Zy8Q910VggL5kdRDTwye5SJ88XIc+3qaGTJa1OKeISjYk89BjDwlVoWhBYvYt9vMEBIjyiyHdK+iBLcQ0WKCkSbwpl6qqWYpJvZtCkUvpTyuXXTyygdFP7yqIcY2SA42dknySd5e/DoXk0yrnlEkDyxDW5jWtnczo/UQYwzjIACeanmzqAPFz49bWLwExi4sCYdVO8xo3XRAY+tCoS5QARAQAB",
                            "gravatar_id": "",
                            "id": "13836290",
                            "location": "",
                            "login": "Wynndow",
                            "name": "Chris Wynne",
                            "public_gists": "0",
                            "public_repos": "51",
                            "site_admin": "false",
                            "ssh_keys.#": "2",
                            "ssh_keys.0": "ssh-rsa AAAAB3NzaC1yc2EAAAADAQABAAACAQC0R/FNIhMo7NLInnxOD7+2Ig74+8rND6f4tzFQELhFXTLxnJ8DTgeSJw5VV/w2URiiE4uFmbOyje4UxplN11TEJ4eBwOTkgVNifidkAwgX+Kdwuz08DvpmznXqgFIYZjxqxk2nJKzzt2B543ELZjpza3VSxIynDjVVaLGD8QYfC78oG9A8PkqctXTg4p5BfmHUZAhgdJ5nasBITvQ7q0KOo5p8DDWw5sFEfi7qpRAoOw3SsAZNmZ5qQRfa/D48UB2bGgjqAjLREEWyHYhS2VH+TUjT/ik7q6M+w4Q77PX+l8bwzREKC+KO4CkFMxKRYD78l4vYlHwGpiLkvc2TvAZZF+WKKJmANgwHa/AwSKwI9EM7JNt/g3fx5plHGcoQzLpS66WKkK4pHMeP1i2wWyyvMtJAWOy2FAZXemeotjbAC2XU2dfciinfAHxc/CcUQBObEPj8FhVWUZ3w7QDp/C1dp8WkRQgt2l3vqRZGQ+39GlGtf+XRo4xUsDTzZvWQROM11/JQXi7eBjR4bxWPt0e2HXogUA+i1se6F8RX7i52T+NnmCFOgA7ZjLjp/Xebg42dEyoihbphRV98R5gIqUxIgIrrDl8rqny3uoPqj1OHLBFeQ3MhnMcXVjP4XFrcuiyLKsuSDqeolIgXPmEpK6z05qwQcyvTqTZJOOU4x3AHJQ==",
                            "ssh_keys.1": "ssh-ed25519 AAAAC3NzaC1lZDI1NTE5AAAAIE9T91QWFwsIsEuPX14lwMoTZ2VdeQXaGKmOGdgle4yc",
                            "username": "Wynndow"
                        },
                        "meta": {},
                        "tainted": false
                    },
                    "deposed": [],
                    "provider": "provider.github"
                },
                "github_membership.org_membership": {
                    "type": "github_membership",
                    "depends_on": [],
                    "primary": {
                        "id": "alphagov:Wynndow",
                        "attributes": {
                            "etag": "W/\"fd4b5d06efb0d3006eec2328a11705cb\"",
                            "id": "alphagov:Wynndow",
                            "role": "member",
                            "username": "Wynndow"
                        },
                        "meta": {},
                        "tainted": false
                    },
                    "deposed": [],
                    "provider": "provider.github"
                },
                "github_team_membership.team_membership.0": {
                    "type": "github_team_membership",
                    "depends_on": [],
                    "primary": {
                        "id": "2826122:Wynndow",
                        "attributes": {
                            "etag": "W/\"47a934bebcab5f97db0059bb3ec577b1\"",
                            "id": "2826122:Wynndow",
                            "role": "member",
                            "team_id": "2826122",
                            "username": "Wynndow"
                        },
                        "meta": {},
                        "tainted": false
                    },
                    "deposed": [],
                    "provider": "provider.github"
                },
                "github_team_membership.team_membership.1": {
                    "type": "github_team_membership",
                    "depends_on": [],
                    "primary": {
                        "id": "2826121:Wynndow",
                        "attributes": {
                            "etag": "W/\"08df7ed8f53493d4f85230c13c99b07a\"",
                            "id": "2826121:Wynndow",
                            "role": "member",
                            "team_id": "2826121",
                            "username": "Wynndow"
                        },
                        "meta": {},
                        "tainted": false
                    },
                    "deposed": [],
                    "provider": "provider.github"
                },
                "github_team_membership.team_membership.2": {
                    "type": "github_team_membership",
                    "depends_on": [],
                    "primary": {
                        "id": "2826120:Wynndow",
                        "attributes": {
                            "etag": "W/\"c703af9ab8d4059b5228d1694680e0f0\"",
                            "id": "2826120:Wynndow",
                            "role": "member",
                            "team_id": "2826120",
                            "username": "Wynndow"
                        },
                        "meta": {},
                        "tainted": false
                    },
                    "deposed": [],
                    "provider": "provider.github"
                },
                "github_team_membership.team_membership.3": {
                    "type": "github_team_membership",
                    "depends_on": [],
                    "primary": {
                        "id": "2826126:Wynndow",
                        "attributes": {
                            "etag": "W/\"db19e883a069515ca5bd375fcf0f6762\"",
                            "id": "2826126:Wynndow",
                            "role": "member",
                            "team_id": "2826126",
                            "username": "Wynndow"
                        },
                        "meta": {},
                        "tainted": false
                    },
                    "deposed": [],
                    "provider": "provider.github"
                },
                "github_team_membership.team_membership.4": {
                    "type": "github_team_membership",
                    "depends_on": [],
                    "primary": {
                        "id": "2826123:Wynndow",
                        "attributes": {
                            "etag": "W/\"023f86883564da26dc0d958795a6f925\"",
                            "id": "2826123:Wynndow",
                            "role": "member",
                            "team_id": "2826123",
                            "username": "Wynndow"
                        },
                        "meta": {},
                        "tainted": false
                    },
                    "deposed": [],
                    "provider": "provider.github"
                },
                "github_team_membership.team_membership.5": {
                    "type": "github_team_membership",
                    "depends_on": [],
                    "primary": {
                        "id": "2826125:Wynndow",
                        "attributes": {
                            "etag": "W/\"97ef0e4439372d8f270cdaa9f455bff2\"",
                            "id": "2826125:Wynndow",
                            "role": "member",
                            "team_id": "2826125",
                            "username": "Wynndow"
                        },
                        "meta": {},
                        "tainted": false
                    },
                    "deposed": [],
                    "provider": "provider.github"
                },
                "github_team_membership.team_membership.6": {
                    "type": "github_team_membership",
                    "depends_on": [],
                    "primary": {
                        "id": "2915524:Wynndow",
                        "attributes": {
                            "etag": "W/\"5911e46a8a78421a76fa6fe2b4c7dda0\"",
                            "id": "2915524:Wynndow",
                            "role": "member",
                            "team_id": "2915524",
                            "username": "Wynndow"
                        },
                        "meta": {},
                        "tainted": false
                    },
                    "deposed": [],
                    "provider": "provider.github"
                }
            },
            "depends_on": []
        },
        {
            "path": [
                "root",
                "user_chrisclayson"
            ],
            "outputs": {},
            "resources": {
                "data.github_user.user": {
                    "type": "github_user",
                    "depends_on": [],
                    "primary": {
                        "id": "8633930",
                        "attributes": {
                            "avatar_url": "https://avatars2.githubusercontent.com/u/8633930?v=4",
                            "bio": "",
                            "blog": "",
                            "company": "",
                            "email": "",
                            "followers": "0",
                            "following": "0",
                            "gpg_keys.#": "1",
                            "gpg_keys.0": "xsFNBFlw/BEBEADGlhnu6knL1sXMUbR3uI8vLCdzVDo4csT0gExgbztZrii8d22wfh8SiplB+7swh0exSowT7KmViAAei/hmrsaVChCMoAWwxLIOBo6Q5kYC0jt1kv573OVyAGw3hDXd/qAr8lr/Ho1GvrwSkVWlRHZK3u+9tx3T0/RjXb9y+GLlKu6O4RmT89EBucJaoN/18Zpset9hbQOsm6ZdxidJOr5R7B8LFAzDwNiUZbzj9Me5W3z6F+KUTQh4Rtf5c8bXpDt5Z/APXW57HuHKaf6iY6l/kYyXLGTAk7K0BbKeUbJOhMRC8j52RZSv2hJ3NxAqpf2/q76ZMl8uFH7P9LGp8gk8ZvvooE0u9INW1jV8tG+Ue12GWYVYvSm3tAP9Ykd1OJiee4ut5GjBjDkhh2BqGX0RXuKwycC4rjK2RjxAp5GBUJReHBO3tQ1fHpNYvI0/uxJ4C0I2MF7PZPhCn345Md0ZjO/PS4qplWfQ4htErxkq212fjKVkfxG7R+f+idLPblzbQ+awUvN8mxujCT51fy4xwhnkNRfuAmBfDO395K9KoTDNO7utlqowpVhfpxEUP7HfcfseWPf64qdYijzI1DeNi7QMxUk0mQYgsr8vqevTOFcEPDiV5wFpqDf8SHQCh7kRP2J95Ua2OLeqwcAqO8YmWXfvRjW5XUSci07vprojeQARAQAB",
                            "gravatar_id": "",
                            "id": "8633930",
                            "location": "",
                            "login": "chrisclayson",
                            "name": "",
                            "public_gists": "0",
                            "public_repos": "4",
                            "site_admin": "false",
                            "ssh_keys.#": "4",
                            "ssh_keys.0": "ssh-rsa AAAAB3NzaC1yc2EAAAADAQABAAACAQDJx/NarlUlUSVemgyfK9XC2eaWYRKq9ywfJ3k0mEZ35pXis7tKFb/ERzwMKiXl46VSo7DaFhoCeZZPiIqHa3H2Wmxctug/I+ltb7g5jG7o5Pg941J6vVSO4j0TrebWrBhvnk2jDB/LvVllL9wGHevt5ZJIsI7r3LiJuzOmRZYQjpCPAEdImy0+Wm1uDASHJgi8UadfA6nYtWPRXS9bzqovr6ue287sn0AUlOCV0K+pliliTTsJIEhYsoWKv16qjjg1RIpqfVQllawhW5SGWHOfgXHod1PAXHIqSQff4KivEaEDXvARBgtz3MsRK44Bhs5EmemGZ0svX5wyI5Q9HgK7E23AyG9CYowlV96bMPEV670V9bUQ5WQ3p0rc2SRJbzhwXkLobJIVcRqwKqiwLvrEtjz6jb4ANDDIT77EECWTglr789nVg8dn21QzoSwebyIrBwVv2P+v6x25FBM3rujcNYJ7xt4k2NVevh/Gj0kDZMEoSzv9xLT/s1J+w/igdSvAq+UDM23IYr39K1/vzZS/wO6OOKTYLFqA6/uWlBNZK3SyMxgDdDbnm+4FoMkf9eKkW9+jfH1N8AVU8RlVfKdTtERg7ROzvV3PHPfQCXUZxShjTVyHob2vTYpK28ksTty4R58w8MUfRzzhEGZi3K9hA588/8irb3ZUI2qyS9GhqQ==",
                            "ssh_keys.1": "ssh-rsa AAAAB3NzaC1yc2EAAAABIwAAAgEApHaUnNgOrYXNOZL7sZisJtoTRWgaiT5fcXzreP3gHE33Ch91Bglk4/tWId/joY7h6EdbQTWo4dwXL1PuDVd4+zL364eS5cD3xj3SitnUZXPeZGprh7XAnWKyKgArSXalge1BM6EQZxA+lYJJ22CVN9nMEyJOaD7aS6hqmuDBdFRNLih5ga/hR0XkoVaJ10DCG5Ngt5+8dKymVCcl6aU8eGZMjxO4iN1SAaFkEi174iyiRImF2hT37vX+vo0zkdTQpJA1bbFYWEfnABrW6FQKZ97TpeDdQnQa6lwOQg6TYedD6ZxAC3/3QkG41Bkq4287BAEoGtzbEpeC0ykCIwAzNlFu6GoowwH3aTLc892vEyC7cq+q8yc6AYzsMBZDBC8iEKfkgqRjNILPW7OX9bCJkYYmkiF6gFKq2aYucy0MpxHeVPqcg59YNY7uAMRKmjkVwD3AUSi8p/+Oa9JwMqVBY+tVb1I59ivykal+Rf/WnFjSu2hIGOd4E7NtjRbnDDCdd/O+vw9jfknp7KNMAOC0pF5Oc5exOebJKtQkRYqV4r0GkcKeeB5obEG4kIjAMig6lkbAgWSNzW+AmTSBwf1E1k6yi+AsJG3fHthhNLkAcfTmEJU73H1wFqJMNhirDPL8EkL8nzKrW3LkYuCpdUSF5yJzWy5rZEsWJ4mhtYju7ak=",
                            "ssh_keys.2": "ssh-rsa AAAAB3NzaC1yc2EAAAADAQABAAABAQChDEAYeY4uzTJGDM0xeoGtgMEabzbmz/39qkRXwUT8PpSbBeBLT89Oy7lzMVtQZDFN5mHRodUYj2N2o4hhC+v7ee4Xutvq2fTEOIwO/P+WWErPH3zFst0vaN/NO9xlbSDzZlAyzLzC6HRrIg+N7OmSo6GzKMT53vltEPYsv7BWorbrlUtf+xEgzCTjy1EX+dm2Rl5sraDIdJU8mDbmGDPw+ohcokpIlOHV+t3Vv9LuLASn5+YMsApvLNLFnXJtc9Q6LMMqWM96cl0XUzzanIQIYMAS1OrxmM0ul+WcYbcK8V8mkw6HU5uBpL+6NsAoJJiTXIdWujM1e0Y9OrkH8xMn",
                            "ssh_keys.3": "ssh-rsa AAAAB3NzaC1yc2EAAAADAQABAAABAQCvkNM55OncoZCTU8mu4+sNMIvhfVW3Uw/a6f23QlTB2cLbgr4/FSbY7dqfdjag3k+adoSY/N1wwQDwRPC3vqAwcoN4NWUsiRcBEhxqsYdDMdZjrR4xgWd8oBqJhirQEo/FKu5xBrRgnNdNMV6IVyXMcEahS5mDjwcCE8QbMqwyq7H5CiWGPX1cI7Kqbobvm/5/l00DxZsSUiubBaJNHH84SdVgLlvV3kOXUy8UjKnQizE30PFpzY5mbj+t8mUC0PMR3RMQOVtp/77TRv6Ly6+B8uiqfAopk8Q9cDcWGZhBIWFa0AwwIyUJiHMKQaj+d0wgcqi18sDslRVWWuVHIPh5",
                            "username": "chrisclayson"
                        },
                        "meta": {},
                        "tainted": false
                    },
                    "deposed": [],
                    "provider": "provider.github"
                },
                "github_membership.org_membership": {
                    "type": "github_membership",
                    "depends_on": [],
                    "primary": {
                        "id": "alphagov:chrisclayson",
                        "attributes": {
                            "etag": "W/\"20a45d678eb3a2dd5a9f704cbd5d347f\"",
                            "id": "alphagov:chrisclayson",
                            "role": "member",
                            "username": "chrisclayson"
                        },
                        "meta": {},
                        "tainted": false
                    },
                    "deposed": [],
                    "provider": "provider.github"
                },
                "github_team_membership.team_membership.0": {
                    "type": "github_team_membership",
                    "depends_on": [],
                    "primary": {
                        "id": "2826122:chrisclayson",
                        "attributes": {
                            "etag": "W/\"bb86676dcae417257cca7d7952625983\"",
                            "id": "2826122:chrisclayson",
                            "role": "member",
                            "team_id": "2826122",
                            "username": "chrisclayson"
                        },
                        "meta": {},
                        "tainted": false
                    },
                    "deposed": [],
                    "provider": "provider.github"
                },
                "github_team_membership.team_membership.1": {
                    "type": "github_team_membership",
                    "depends_on": [],
                    "primary": {
                        "id": "2826123:chrisclayson",
                        "attributes": {
                            "etag": "W/\"a6425b6d7bd79a32f0024b346fb8c1d9\"",
                            "id": "2826123:chrisclayson",
                            "role": "member",
                            "team_id": "2826123",
                            "username": "chrisclayson"
                        },
                        "meta": {},
                        "tainted": false
                    },
                    "deposed": [],
                    "provider": "provider.github"
                },
                "github_team_membership.team_membership.2": {
                    "type": "github_team_membership",
                    "depends_on": [],
                    "primary": {
                        "id": "2826125:chrisclayson",
                        "attributes": {
                            "etag": "W/\"5f7f4d8e5f367a6ed3e76bb945b5b4a9\"",
                            "id": "2826125:chrisclayson",
                            "role": "member",
                            "team_id": "2826125",
                            "username": "chrisclayson"
                        },
                        "meta": {},
                        "tainted": false
                    },
                    "deposed": [],
                    "provider": "provider.github"
                },
                "github_team_membership.team_membership.3": {
                    "type": "github_team_membership",
                    "depends_on": [],
                    "primary": {
                        "id": "2915524:chrisclayson",
                        "attributes": {
                            "etag": "W/\"22317a82e72b926711d7474947d90013\"",
                            "id": "2915524:chrisclayson",
                            "role": "member",
                            "team_id": "2915524",
                            "username": "chrisclayson"
                        },
                        "meta": {},
                        "tainted": false
                    },
                    "deposed": [],
                    "provider": "provider.github"
                }
            },
            "depends_on": []
        },
        {
            "path": [
                "root",
                "user_chrisholmes"
            ],
            "outputs": {},
            "resources": {
                "data.github_user.user": {
                    "type": "github_user",
                    "depends_on": [],
                    "primary": {
                        "id": "799295",
                        "attributes": {
                            "avatar_url": "https://avatars3.githubusercontent.com/u/799295?v=4",
                            "bio": "",
                            "blog": "",
                            "company": "Government Digital Service",
                            "email": "",
                            "followers": "5",
                            "following": "1",
                            "gpg_keys.#": "0",
                            "gravatar_id": "",
                            "id": "799295",
                            "location": "United Kingdom",
                            "login": "chrisholmes",
                            "name": "Christopher Holmes",
                            "public_gists": "1",
                            "public_repos": "17",
                            "site_admin": "false",
                            "ssh_keys.#": "1",
                            "ssh_keys.0": "ssh-rsa AAAAB3NzaC1yc2EAAAADAQABAAACAQDw9G2qKEgpGQ8jDjsgAhjWz4eSH1lPn5A0VmeaKzPemQYYuBUu9TD9Dj6IULVn9fLSWMKrfTiV0yTcTCdUEHg/Gm5qol0h6Fd0IFAzfQd36RKtqB55IDfpNoywuNtnUgKezw+cAfbWHi3r1M1tMquh8QasuQbmI59E6RhciVlHDn2IqHzKXU+8LRsO8iJf3Bc0HxxTN1EZ5FGuV9DJMqPSeIQi6TfU12Goejf1mo0KB5NOAoJfsshtcduKSkmtFhcoMVKQIgXAo7UfIFjY+z5M8F68IJIEkHnrDvIE6JHht8hriUosYPh4dbLNCVgdv+VYWDjDqpDXbtJNXLgeOEn90Rf/O7oCEQCQ0ozTAGn+/VDphcT/Z+ksSRTOr9j+Wi5DPiX80SkTNz6Ua9efNlhtUWjcN6jeukFM/qzHRVHw0TDA4VG862kFNXr3UM+QKCbXFFIYt32yNhrF+BZxpcJM+4Sxlaa6rb0JLQV4+YE50naGgmL9UiQc60bhd7RcOjHZfUv5cwws7t3xh8A9PhPN014gA8YvptYo4FWizA0N8KbZlK4RlB3FcxGPnqa9LDOPktY83ek5rqCeF9/eWs8XSJ95SyxJfg49rVEnRA3ON4gprmAVOKExtNCrXC/uyUqnu17vT016tN+QCypEPZYRtpxgPJMvA74OXTwBUAomXQ==",
                            "username": "chrisholmes"
                        },
                        "meta": {},
                        "tainted": false
                    },
                    "deposed": [],
                    "provider": "provider.github"
                },
                "github_membership.org_membership": {
                    "type": "github_membership",
                    "depends_on": [],
                    "primary": {
                        "id": "alphagov:chrisholmes",
                        "attributes": {
                            "etag": "W/\"b28e715a6d5e513e17f7ab281142f57f\"",
                            "id": "alphagov:chrisholmes",
                            "role": "admin",
                            "username": "chrisholmes"
                        },
                        "meta": {},
                        "tainted": false
                    },
                    "deposed": [],
                    "provider": "provider.github"
                },
                "github_team_membership.team_membership.0": {
                    "type": "github_team_membership",
                    "depends_on": [],
                    "primary": {
                        "id": "2826122:chrisholmes",
                        "attributes": {
                            "etag": "W/\"e8ceb3f08a90273f5c8294f7c6ae9137\"",
                            "id": "2826122:chrisholmes",
                            "role": "maintainer",
                            "team_id": "2826122",
                            "username": "chrisholmes"
                        },
                        "meta": {},
                        "tainted": false
                    },
                    "deposed": [],
                    "provider": "provider.github"
                },
                "github_team_membership.team_membership.1": {
                    "type": "github_team_membership",
                    "depends_on": [],
                    "primary": {
                        "id": "2826127:chrisholmes",
                        "attributes": {
                            "etag": "W/\"07deaa7507bee34b19ad2a13d85cfe28\"",
                            "id": "2826127:chrisholmes",
                            "role": "maintainer",
                            "team_id": "2826127",
                            "username": "chrisholmes"
                        },
                        "meta": {},
                        "tainted": false
                    },
                    "deposed": [],
                    "provider": "provider.github"
                },
                "github_team_membership.team_membership.2": {
                    "type": "github_team_membership",
                    "depends_on": [],
                    "primary": {
                        "id": "2826126:chrisholmes",
                        "attributes": {
                            "etag": "W/\"02714724294033640e7ab5570aa5c047\"",
                            "id": "2826126:chrisholmes",
                            "role": "maintainer",
                            "team_id": "2826126",
                            "username": "chrisholmes"
                        },
                        "meta": {},
                        "tainted": false
                    },
                    "deposed": [],
                    "provider": "provider.github"
                },
                "github_team_membership.team_membership.3": {
                    "type": "github_team_membership",
                    "depends_on": [],
                    "primary": {
                        "id": "2826121:chrisholmes",
                        "attributes": {
                            "etag": "W/\"8f92e9705b4db1dbc7208042d210f087\"",
                            "id": "2826121:chrisholmes",
                            "role": "maintainer",
                            "team_id": "2826121",
                            "username": "chrisholmes"
                        },
                        "meta": {},
                        "tainted": false
                    },
                    "deposed": [],
                    "provider": "provider.github"
                },
                "github_team_membership.team_membership.4": {
                    "type": "github_team_membership",
                    "depends_on": [],
                    "primary": {
                        "id": "2826120:chrisholmes",
                        "attributes": {
                            "etag": "W/\"548e2c03454b293ead51c17b00003078\"",
                            "id": "2826120:chrisholmes",
                            "role": "maintainer",
                            "team_id": "2826120",
                            "username": "chrisholmes"
                        },
                        "meta": {},
                        "tainted": false
                    },
                    "deposed": [],
                    "provider": "provider.github"
                },
                "github_team_membership.team_membership.5": {
                    "type": "github_team_membership",
                    "depends_on": [],
                    "primary": {
                        "id": "2826123:chrisholmes",
                        "attributes": {
                            "etag": "W/\"35ae5f460bacb9c083dceeb5e041e15e\"",
                            "id": "2826123:chrisholmes",
                            "role": "maintainer",
                            "team_id": "2826123",
                            "username": "chrisholmes"
                        },
                        "meta": {},
                        "tainted": false
                    },
                    "deposed": [],
                    "provider": "provider.github"
                },
                "github_team_membership.team_membership.6": {
                    "type": "github_team_membership",
                    "depends_on": [],
                    "primary": {
                        "id": "2826125:chrisholmes",
                        "attributes": {
                            "etag": "W/\"9e82588ce4ca4b7ee5cc6c61dd707e12\"",
                            "id": "2826125:chrisholmes",
                            "role": "maintainer",
                            "team_id": "2826125",
                            "username": "chrisholmes"
                        },
                        "meta": {},
                        "tainted": false
                    },
                    "deposed": [],
                    "provider": "provider.github"
                },
                "github_team_membership.team_membership.7": {
                    "type": "github_team_membership",
                    "depends_on": [],
                    "primary": {
                        "id": "2915520:chrisholmes",
                        "attributes": {
                            "etag": "W/\"6c3da44023dfbaa65a772535e8f46b12\"",
                            "id": "2915520:chrisholmes",
                            "role": "maintainer",
                            "team_id": "2915520",
                            "username": "chrisholmes"
                        },
                        "meta": {},
                        "tainted": false
                    },
                    "deposed": [],
                    "provider": "provider.github"
                },
                "github_team_membership.team_membership.8": {
                    "type": "github_team_membership",
                    "depends_on": [],
                    "primary": {
                        "id": "2826124:chrisholmes",
                        "attributes": {
                            "etag": "W/\"45b89731350e4825829bca8296c9a5ae\"",
                            "id": "2826124:chrisholmes",
                            "role": "maintainer",
                            "team_id": "2826124",
                            "username": "chrisholmes"
                        },
                        "meta": {},
                        "tainted": false
                    },
                    "deposed": [],
                    "provider": "provider.github"
                },
                "github_team_membership.team_membership.9": {
                    "type": "github_team_membership",
                    "depends_on": [],
                    "primary": {
                        "id": "2915524:chrisholmes",
                        "attributes": {
                            "etag": "W/\"42b17e104183ab38e819cde50841af93\"",
                            "id": "2915524:chrisholmes",
                            "role": "maintainer",
                            "team_id": "2915524",
                            "username": "chrisholmes"
                        },
                        "meta": {},
                        "tainted": false
                    },
                    "deposed": [],
                    "provider": "provider.github"
                }
            },
            "depends_on": []
        },
        {
            "path": [
                "root",
                "user_daniele_occhipinti"
            ],
            "outputs": {},
            "resources": {
                "data.github_user.user": {
                    "type": "github_user",
                    "depends_on": [],
                    "primary": {
                        "id": "22837571",
                        "attributes": {
                            "avatar_url": "https://avatars1.githubusercontent.com/u/22837571?v=4",
                            "bio": "Backend / Fullstack Java Engineer (with devops and some business acumen)",
                            "blog": "http://www.danieleocchipinti.com",
                            "company": "",
                            "email": "",
                            "followers": "1",
                            "following": "0",
                            "gpg_keys.#": "0",
                            "gravatar_id": "",
                            "id": "22837571",
                            "location": "London, UK",
                            "login": "daniele-occhipinti",
                            "name": "Daniele Occhipinti",
                            "public_gists": "0",
                            "public_repos": "11",
                            "site_admin": "false",
                            "ssh_keys.#": "1",
                            "ssh_keys.0": "ssh-rsa AAAAB3NzaC1yc2EAAAADAQABAAACAQCqw5cUt06g8gFL6QFCneCPAY4Eo/DHDx8ubw3VqejKYBnflhP42L+MBgV2wFhwteBaPBeOhf/hgufIiIe2UR6DP8jtUZ4isJxC+2HH7uNUQgrBclNzYkKxreVS2+ob+eHObMMUJO9TmuXgZ0cOOIfXa2nyq0kU5BTC3PAwx1BwZmPNkyQfAc78NLI854H2xIov0L6Z3ra6PQN1y0qZy0idJwL6H8+uPNMe70Nwmv0dawnW7iB7GPUMKpdY8bc5Ym1DB4/A+z5f+UeWhKFVUrFfyAvzTdKIVpZUGOgvMM3tbtRbNMZ5kcyECLiIXd1Buv7QcvAcI1K+0mP29pUnLvB1TKfXouz9r7zfq51hyzFTaqJMgf92PKe8sw84zbmu7R2B+RfxKPEoTw4LTi98IqrKt+QBxufdrnc9FRy2UyMnvtWEtc/YXKfBQrGZGTKZWyRJJvWwqZ27cBS8Q98nW5DIA8bkdh+GlIfiDJWh3oDanJnYaC8avC1wUjjRtYTK8VMD1sm2ogPny7boI7P/O5h6zfv0/v0bdcAGqP+nqg4Bl0eSuEVDdXJ+F5L6hoQKrmIf/XvMKortlcDocQ7DzSdbfY9iPm5ALAwrimeR/JPMTAa+ibw08pjtXg38bsw1YpchEg8m+8av7tQmbQb+LimTT0cfrZ1PKDYiwUQu9PpNQw==",
                            "username": "daniele-occhipinti"
                        },
                        "meta": {},
                        "tainted": false
                    },
                    "deposed": [],
                    "provider": "provider.github"
                },
                "github_membership.org_membership": {
                    "type": "github_membership",
                    "depends_on": [],
                    "primary": {
                        "id": "alphagov:daniele-occhipinti",
                        "attributes": {
                            "etag": "W/\"6b4f2ccdd3a6b32deec3e78def424174\"",
                            "id": "alphagov:daniele-occhipinti",
                            "role": "member",
                            "username": "daniele-occhipinti"
                        },
                        "meta": {},
                        "tainted": false
                    },
                    "deposed": [],
                    "provider": "provider.github"
                },
                "github_team_membership.team_membership.0": {
                    "type": "github_team_membership",
                    "depends_on": [],
                    "primary": {
                        "id": "2826122:daniele-occhipinti",
                        "attributes": {
                            "etag": "W/\"87fd8a1ffaf9daa6219fd46cf4e864ef\"",
                            "id": "2826122:daniele-occhipinti",
                            "role": "member",
                            "team_id": "2826122",
                            "username": "daniele-occhipinti"
                        },
                        "meta": {},
                        "tainted": false
                    },
                    "deposed": [],
                    "provider": "provider.github"
                },
                "github_team_membership.team_membership.1": {
                    "type": "github_team_membership",
                    "depends_on": [],
                    "primary": {
                        "id": "2826123:daniele-occhipinti",
                        "attributes": {
                            "etag": "W/\"82a5d022e272f88918cf070823ce44e1\"",
                            "id": "2826123:daniele-occhipinti",
                            "role": "member",
                            "team_id": "2826123",
                            "username": "daniele-occhipinti"
                        },
                        "meta": {},
                        "tainted": false
                    },
                    "deposed": [],
                    "provider": "provider.github"
                },
                "github_team_membership.team_membership.2": {
                    "type": "github_team_membership",
                    "depends_on": [],
                    "primary": {
                        "id": "2826125:daniele-occhipinti",
                        "attributes": {
                            "etag": "W/\"3a007aaf1daf5ae108a783628122ffa3\"",
                            "id": "2826125:daniele-occhipinti",
                            "role": "member",
                            "team_id": "2826125",
                            "username": "daniele-occhipinti"
                        },
                        "meta": {},
                        "tainted": false
                    },
                    "deposed": [],
                    "provider": "provider.github"
                },
                "github_team_membership.team_membership.3": {
                    "type": "github_team_membership",
                    "depends_on": [],
                    "primary": {
                        "id": "2915524:daniele-occhipinti",
                        "attributes": {
                            "etag": "W/\"c960ba89adc48ff7a9aebbfccffdc43b\"",
                            "id": "2915524:daniele-occhipinti",
                            "role": "member",
                            "team_id": "2915524",
                            "username": "daniele-occhipinti"
                        },
                        "meta": {},
                        "tainted": false
                    },
                    "deposed": [],
                    "provider": "provider.github"
                }
            },
            "depends_on": []
        },
        {
            "path": [
                "root",
                "user_dbes_gds"
            ],
            "outputs": {},
            "resources": {
                "data.github_user.user": {
                    "type": "github_user",
                    "depends_on": [],
                    "primary": {
                        "id": "38218115",
                        "attributes": {
                            "avatar_url": "https://avatars3.githubusercontent.com/u/38218115?v=4",
                            "bio": "",
                            "blog": "",
                            "company": "",
                            "email": "",
                            "followers": "0",
                            "following": "0",
                            "gpg_keys.#": "0",
                            "gravatar_id": "",
                            "id": "38218115",
                            "location": "",
                            "login": "dbes-gds",
                            "name": "",
                            "public_gists": "0",
                            "public_repos": "0",
                            "site_admin": "false",
                            "ssh_keys.#": "2",
                            "ssh_keys.0": "ssh-rsa AAAAB3NzaC1yc2EAAAADAQABAAABAQCXvO4H+ZYJ9ssfXes4CXIQTiNJpUHC7xkUsJhhc86+ri9ubocShb+ADvrCNStJ86yqWIFEMEdJw+GK0JVtFOEm6d0CqAvB5Nd/dmQDi0ZmxexEm0ey8YusiEmQeSRk6i42HKVhQJwKwUpZ35QaC9oTdDxH6psphJCQKz4TEa147LslB+sp9N08uNRHI69OPLMpdAg+oyjrada5FiUaiQYI0mXwXduLKM6KFF3FBlu5hKFYOHSkcTYPL3H1/DS/5eQ/HSt3X/NugUUnPx+mLusO66J6bDhssudnJGVGPiXNN6xMDVBU4tnXkBJLeulyGXj5FQASDh3yul2HRunejaGT",
                            "ssh_keys.1": "ssh-rsa AAAAB3NzaC1yc2EAAAADAQABAAABAQC1WrheCGMefhRY0dlye55MI8p361QtWccoKZI7hPXG/Q0aYnM2N0g2Gp24hQJWZ9qYh9W+8GoA7ulNNRSnHhgwTZBneBbGEgx8VgZDGZNWv6x4INWj6uNFPhkd3eccx4vzl0XgFXICt13h1GLvHeF4ICL2flGnKpS6WmGi4DE72T2i4U+fTlUqbi4F4FcT/XXtvEfiK5n8bPZJaSl8hTDAr/ZOhV3qeE0922hhd0LQpbzIaaGXxocbbwG4I2RKTV8Vk9Fo0bWmGxsfhiXrdPhoCh8S0gLipzRtGN43OBc2PTtOrV982yXjn87gwQm8/vPbahwQgN9uYUf8HGZM9r5d",
                            "username": "dbes-gds"
                        },
                        "meta": {},
                        "tainted": false
                    },
                    "deposed": [],
                    "provider": "provider.github"
                },
                "github_membership.org_membership": {
                    "type": "github_membership",
                    "depends_on": [],
                    "primary": {
                        "id": "alphagov:dbes-gds",
                        "attributes": {
                            "etag": "W/\"31874cfade485f7cc832f071289d1f8f\"",
                            "id": "alphagov:dbes-gds",
                            "role": "member",
                            "username": "dbes-gds"
                        },
                        "meta": {},
                        "tainted": false
                    },
                    "deposed": [],
                    "provider": "provider.github"
                },
                "github_team_membership.team_membership.0": {
                    "type": "github_team_membership",
                    "depends_on": [],
                    "primary": {
                        "id": "2826122:dbes-gds",
                        "attributes": {
                            "etag": "W/\"6c50618b4c99a63246f66752978fbfb2\"",
                            "id": "2826122:dbes-gds",
                            "role": "member",
                            "team_id": "2826122",
                            "username": "dbes-gds"
                        },
                        "meta": {},
                        "tainted": false
                    },
                    "deposed": [],
                    "provider": "provider.github"
                },
                "github_team_membership.team_membership.1": {
                    "type": "github_team_membership",
                    "depends_on": [],
                    "primary": {
                        "id": "2826121:dbes-gds",
                        "attributes": {
                            "etag": "W/\"5ee4fce4b99022fe668f6a1662009605\"",
                            "id": "2826121:dbes-gds",
                            "role": "member",
                            "team_id": "2826121",
                            "username": "dbes-gds"
                        },
                        "meta": {},
                        "tainted": false
                    },
                    "deposed": [],
                    "provider": "provider.github"
                },
                "github_team_membership.team_membership.2": {
                    "type": "github_team_membership",
                    "depends_on": [],
                    "primary": {
                        "id": "2826120:dbes-gds",
                        "attributes": {
                            "etag": "W/\"78ffbd8283b587c53516a68a56996b88\"",
                            "id": "2826120:dbes-gds",
                            "role": "member",
                            "team_id": "2826120",
                            "username": "dbes-gds"
                        },
                        "meta": {},
                        "tainted": false
                    },
                    "deposed": [],
                    "provider": "provider.github"
                },
                "github_team_membership.team_membership.3": {
                    "type": "github_team_membership",
                    "depends_on": [],
                    "primary": {
                        "id": "2826126:dbes-gds",
                        "attributes": {
                            "etag": "W/\"77e18d4197a5213816cd924e81238abe\"",
                            "id": "2826126:dbes-gds",
                            "role": "member",
                            "team_id": "2826126",
                            "username": "dbes-gds"
                        },
                        "meta": {},
                        "tainted": false
                    },
                    "deposed": [],
                    "provider": "provider.github"
                },
                "github_team_membership.team_membership.4": {
                    "type": "github_team_membership",
                    "depends_on": [],
                    "primary": {
                        "id": "2826123:dbes-gds",
                        "attributes": {
                            "etag": "W/\"9835f5bf0bb7a4174d3314fd7915b11a\"",
                            "id": "2826123:dbes-gds",
                            "role": "member",
                            "team_id": "2826123",
                            "username": "dbes-gds"
                        },
                        "meta": {},
                        "tainted": false
                    },
                    "deposed": [],
                    "provider": "provider.github"
                },
                "github_team_membership.team_membership.5": {
                    "type": "github_team_membership",
                    "depends_on": [],
                    "primary": {
                        "id": "2826125:dbes-gds",
                        "attributes": {
                            "etag": "W/\"a8d7c7f6e5e13209a08036937a023f03\"",
                            "id": "2826125:dbes-gds",
                            "role": "member",
                            "team_id": "2826125",
                            "username": "dbes-gds"
                        },
                        "meta": {},
                        "tainted": false
                    },
                    "deposed": [],
                    "provider": "provider.github"
                },
                "github_team_membership.team_membership.6": {
                    "type": "github_team_membership",
                    "depends_on": [],
                    "primary": {
                        "id": "2915524:dbes-gds",
                        "attributes": {
                            "etag": "W/\"52af8f7d37f3e7547a9aba129e395eef\"",
                            "id": "2915524:dbes-gds",
                            "role": "member",
                            "team_id": "2915524",
                            "username": "dbes-gds"
                        },
                        "meta": {},
                        "tainted": false
                    },
                    "deposed": [],
                    "provider": "provider.github"
                }
            },
            "depends_on": []
        },
        {
            "path": [
                "root",
                "user_ejrowley"
            ],
            "outputs": {},
            "resources": {
                "data.github_user.user": {
                    "type": "github_user",
                    "depends_on": [],
                    "primary": {
                        "id": "670851",
                        "attributes": {
                            "avatar_url": "https://avatars1.githubusercontent.com/u/670851?v=4",
                            "bio": "",
                            "blog": "",
                            "company": "",
                            "email": "",
                            "followers": "9",
                            "following": "1",
                            "gpg_keys.#": "0",
                            "gravatar_id": "",
                            "id": "670851",
                            "location": "",
                            "login": "ejrowley",
                            "name": "Ed Rowley",
                            "public_gists": "7",
                            "public_repos": "13",
                            "site_admin": "false",
                            "ssh_keys.#": "2",
                            "ssh_keys.0": "ssh-rsa AAAAB3NzaC1yc2EAAAADAQABAAACAQCcNeuC11Mb+Z7Zqz3FKegejx/tkoGSFoZM4+t2eD5xBd4qEvqReasHxta0c3rSf0bgNAWtK9iMjpBYEQjkDK6L5a5yKpID7NVBsvaqwB8CLlaN+CV+jQp8jb+ZSWG0A63EW+epfDfJ1MaazRZ2NaupAHs+RY34KXBY4fHHjEQOuK+nCTw6ocREbglF4aaVI+5inmpRSExJfgq/9SOcIptAGHO+6ayZA/YXXZRlTKYjQonO58oTlZY14fJOAQZKOYPuuCWUvBoj5aKr3c9NcjOJJlz+/BV/rmj50Vb9DvveoeOinnvRBg9nNqCBdndWLwhzfp7W0O780Lp1B3Lb+YY/iuq5W8s/WPY2lYFeech5UqBeka9LncZUEbPdqwxGDI+/d10f2bsg53n0V565KnNpgIJ7Gl9/B5M0JF+32TGCfuWi1jjkebCPhurMYn7A2bzStxDgI1UIMR1HDXSUSLUBq3HGtcv9YFK575Fov1aucJaxdZCz4IQSQzFeqkKiP0uUrE9Omtwn5+lcw6YGbII4P1E5nU65lhGN7L+0DRjI9f7J6en+lpbum1xQJ8ePZwdatAfyOWJ3PS4F224+TxXkAAQlfxbkUNq7oK+qp31B7r4sOEH1sb66LlLcjrRCUMI6zMz/HQ+wxQhxDn5kJQ2y3t7CYXkt+jxb4epj+fVZ6Q==",
                            "ssh_keys.1": "ssh-rsa AAAAB3NzaC1yc2EAAAADAQABAAACAQC9Fc+wCIfXuAoKSCAhdznlOTNYOofiHwdRtPD5uRv9vU+RbtOioQwFmLcT0K7lZE6jK2DdJ14WpHHqh5dv1oSZ1i053f9Co+y+skGPABRRL1AioNy49YFO3teamtxs0w24gWzXJ9am+ITaFEyq8ZoNdR70xE//u0SIlrm/ULtY38ySDYJd+pXD+SieTqf8bqL8pvN1k2M+gBt2YNMazekBi3X0N0DoGisr4RlguyRcQq0L4B0D0quZTADs2Hp8Yk5Iwi0uyJkOx9jYmg65MEnggW4N/y4cer+v5WTzhG+w98ZQjMww2kzG0B26c0apXPpVG/88FU/uPUVWvBAWsBcIc6L/SZSCgtuses7fiF1i5XighOtN69V40zCAnnDK8ms5ckApGHEubfPTUmXyjtTtjdYjyLiwXkVwmBjvCrqX7VypPyJN1rPpe08avdgfdTvxifs3n72ln7Cm2FfMdhCjqbjjQIaeEkB+JebLvblaLpFRHR0t/xpLqT18YlQcwcYiikaiwathEwMiXObktshiRWQulOk2hdSXepYU02O7U1NOJo6VyQzWSwOojN1YTY3lfD50FMhjCs8sxNsdf805ShieS6l1s1Qr9LdaYBrQN6ywP/9AL6qn3LvBunNcZcgKV3Q6ilxWZS398KDagfKeU33iGpkD6qhYtSSOVKcV4w==",
                            "username": "ejrowley"
                        },
                        "meta": {},
                        "tainted": false
                    },
                    "deposed": [],
                    "provider": "provider.github"
                },
                "github_membership.org_membership": {
                    "type": "github_membership",
                    "depends_on": [],
                    "primary": {
                        "id": "alphagov:ejrowley",
                        "attributes": {
                            "etag": "W/\"e55a08065b16a455a936910eb70fdd78\"",
                            "id": "alphagov:ejrowley",
                            "role": "member",
                            "username": "ejrowley"
                        },
                        "meta": {},
                        "tainted": false
                    },
                    "deposed": [],
                    "provider": "provider.github"
                },
                "github_team_membership.team_membership.0": {
                    "type": "github_team_membership",
                    "depends_on": [],
                    "primary": {
                        "id": "2826127:ejrowley",
                        "attributes": {
                            "etag": "W/\"aadf994153163204038a936fd11a472a\"",
                            "id": "2826127:ejrowley",
                            "role": "member",
                            "team_id": "2826127",
                            "username": "ejrowley"
                        },
                        "meta": {},
                        "tainted": false
                    },
                    "deposed": [],
                    "provider": "provider.github"
                },
                "github_team_membership.team_membership.1": {
                    "type": "github_team_membership",
                    "depends_on": [],
                    "primary": {
                        "id": "2826126:ejrowley",
                        "attributes": {
                            "etag": "W/\"6305207286b6a12df042bd3448f7521e\"",
                            "id": "2826126:ejrowley",
                            "role": "member",
                            "team_id": "2826126",
                            "username": "ejrowley"
                        },
                        "meta": {},
                        "tainted": false
                    },
                    "deposed": [],
                    "provider": "provider.github"
                },
                "github_team_membership.team_membership.2": {
                    "type": "github_team_membership",
                    "depends_on": [],
                    "primary": {
                        "id": "2826120:ejrowley",
                        "attributes": {
                            "etag": "W/\"6a7dc80e201e20d323d7e0888b416dd5\"",
                            "id": "2826120:ejrowley",
                            "role": "member",
                            "team_id": "2826120",
                            "username": "ejrowley"
                        },
                        "meta": {},
                        "tainted": false
                    },
                    "deposed": [],
                    "provider": "provider.github"
                },
                "github_team_membership.team_membership.3": {
                    "type": "github_team_membership",
                    "depends_on": [],
                    "primary": {
                        "id": "2826125:ejrowley",
                        "attributes": {
                            "etag": "W/\"a1df5a7afe6d320dbd3eaf2a9f179536\"",
                            "id": "2826125:ejrowley",
                            "role": "member",
                            "team_id": "2826125",
                            "username": "ejrowley"
                        },
                        "meta": {},
                        "tainted": false
                    },
                    "deposed": [],
                    "provider": "provider.github"
                },
                "github_team_membership.team_membership.4": {
                    "type": "github_team_membership",
                    "depends_on": [],
                    "primary": {
                        "id": "2915524:ejrowley",
                        "attributes": {
                            "etag": "W/\"d9471f91122a7c53d1c2411809c5c5e2\"",
                            "id": "2915524:ejrowley",
                            "role": "member",
                            "team_id": "2915524",
                            "username": "ejrowley"
                        },
                        "meta": {},
                        "tainted": false
                    },
                    "deposed": [],
                    "provider": "provider.github"
                },
                "github_team_membership.team_membership.5": {
                    "type": "github_team_membership",
                    "depends_on": [],
                    "primary": {
                        "id": "2826122:ejrowley",
                        "attributes": {
                            "etag": "W/\"40ef603abb90820ead5c422517d4edd3\"",
                            "id": "2826122:ejrowley",
                            "role": "member",
                            "team_id": "2826122",
                            "username": "ejrowley"
                        },
                        "meta": {},
                        "tainted": false
                    },
                    "deposed": [],
                    "provider": "provider.github"
                }
            },
            "depends_on": []
        },
        {
            "path": [
                "root",
                "user_galund"
            ],
            "outputs": {},
            "resources": {
                "data.github_user.user": {
                    "type": "github_user",
                    "depends_on": [],
                    "primary": {
                        "id": "190828",
                        "attributes": {
                            "avatar_url": "https://avatars3.githubusercontent.com/u/190828?v=4",
                            "bio": "",
                            "blog": "http://www.georgelund.me.uk/",
                            "company": "",
                            "email": "github@georgelund.me.uk",
                            "followers": "2",
                            "following": "1",
                            "gpg_keys.#": "0",
                            "gravatar_id": "",
                            "id": "190828",
                            "location": "",
                            "login": "galund",
                            "name": "George Lund",
                            "public_gists": "1",
                            "public_repos": "8",
                            "site_admin": "false",
                            "ssh_keys.#": "3",
                            "ssh_keys.0": "ssh-ed25519 AAAAC3NzaC1lZDI1NTE5AAAAIBVkVtAQOSj3uO2LixVkKYNV5UcoONF6a1+S5e16o4yL",
                            "ssh_keys.1": "ssh-rsa AAAAB3NzaC1yc2EAAAADAQABAAABAQCcf7L2SVaSsKqBprKFrdrG4TZDrHru1LYn6mx7xLbjbl1AL/lltrP8JTySVNOlem2C6Xqq184op57i3eYAjD4FAx4TmuzN7rOXMJovURmba9StE1WnwrAeT3fCoEz55azi+HL2VenseotAu+K3VlIi2rF/wCS4kY4QYBdMK4NbgdvuGEg/w8QiH6ViZbRV7fR97o/6Axx4jz09HorC9CE2seZs+i0bLNfUQe5m5rKpN2dSsnA62PERhDRKNzr4282JnhptlQsdvw0116AXkZFd7adf1ZMs9lIOVIUSyHC+RetHLu1CZ4MHrdS23qWOQlIXO+8gL3WLVz2ujPftcJVp",
                            "ssh_keys.2": "ssh-ed25519 AAAAC3NzaC1lZDI1NTE5AAAAIHIzjIMOIkAOUIJ1wnFnVCogzCHTUivQEUE/4m3tfnqE",
                            "username": "galund"
                        },
                        "meta": {},
                        "tainted": false
                    },
                    "deposed": [],
                    "provider": "provider.github"
                },
                "github_membership.org_membership": {
                    "type": "github_membership",
                    "depends_on": [],
                    "primary": {
                        "id": "alphagov:galund",
                        "attributes": {
                            "etag": "W/\"9f21d7e65da4df413faa2e9ac6dae188\"",
                            "id": "alphagov:galund",
                            "role": "member",
                            "username": "galund"
                        },
                        "meta": {},
                        "tainted": false
                    },
                    "deposed": [],
                    "provider": "provider.github"
                },
                "github_team_membership.team_membership.0": {
                    "type": "github_team_membership",
                    "depends_on": [],
                    "primary": {
                        "id": "2826122:galund",
                        "attributes": {
                            "etag": "W/\"a428f3dd580e89ffbf1be37f62f0807f\"",
                            "id": "2826122:galund",
                            "role": "member",
                            "team_id": "2826122",
                            "username": "galund"
                        },
                        "meta": {},
                        "tainted": false
                    },
                    "deposed": [],
                    "provider": "provider.github"
                },
                "github_team_membership.team_membership.1": {
                    "type": "github_team_membership",
                    "depends_on": [],
                    "primary": {
                        "id": "2826127:galund",
                        "attributes": {
                            "etag": "W/\"c26ab3a242420a32c7ecba0d569fb286\"",
                            "id": "2826127:galund",
                            "role": "member",
                            "team_id": "2826127",
                            "username": "galund"
                        },
                        "meta": {},
                        "tainted": false
                    },
                    "deposed": [],
                    "provider": "provider.github"
                },
                "github_team_membership.team_membership.2": {
                    "type": "github_team_membership",
                    "depends_on": [],
                    "primary": {
                        "id": "2826126:galund",
                        "attributes": {
                            "etag": "W/\"b009fc4a53ddbc09f4348fe5e75d4134\"",
                            "id": "2826126:galund",
                            "role": "member",
                            "team_id": "2826126",
                            "username": "galund"
                        },
                        "meta": {},
                        "tainted": false
                    },
                    "deposed": [],
                    "provider": "provider.github"
                },
                "github_team_membership.team_membership.3": {
                    "type": "github_team_membership",
                    "depends_on": [],
                    "primary": {
                        "id": "2826123:galund",
                        "attributes": {
                            "etag": "W/\"af1587940a67b659e83ff647ee926e99\"",
                            "id": "2826123:galund",
                            "role": "member",
                            "team_id": "2826123",
                            "username": "galund"
                        },
                        "meta": {},
                        "tainted": false
                    },
                    "deposed": [],
                    "provider": "provider.github"
                },
                "github_team_membership.team_membership.4": {
                    "type": "github_team_membership",
                    "depends_on": [],
                    "primary": {
                        "id": "2826125:galund",
                        "attributes": {
                            "etag": "W/\"c91ee62741ca1088e58934772444e161\"",
                            "id": "2826125:galund",
                            "role": "member",
                            "team_id": "2826125",
                            "username": "galund"
                        },
                        "meta": {},
                        "tainted": false
                    },
                    "deposed": [],
                    "provider": "provider.github"
                },
                "github_team_membership.team_membership.5": {
                    "type": "github_team_membership",
                    "depends_on": [],
                    "primary": {
                        "id": "2915520:galund",
                        "attributes": {
                            "etag": "W/\"14bc4c1a95cdabd7ebebc9b1d6488000\"",
                            "id": "2915520:galund",
                            "role": "member",
                            "team_id": "2915520",
                            "username": "galund"
                        },
                        "meta": {},
                        "tainted": false
                    },
                    "deposed": [],
                    "provider": "provider.github"
                },
                "github_team_membership.team_membership.6": {
                    "type": "github_team_membership",
                    "depends_on": [],
                    "primary": {
                        "id": "2915524:galund",
                        "attributes": {
                            "etag": "W/\"55231a6400c221c169a91fa8a861c7a6\"",
                            "id": "2915524:galund",
                            "role": "member",
                            "team_id": "2915524",
                            "username": "galund"
                        },
                        "meta": {},
                        "tainted": false
                    },
                    "deposed": [],
                    "provider": "provider.github"
                }
            },
            "depends_on": []
        },
        {
            "path": [
                "root",
                "user_guruchand"
            ],
            "outputs": {},
            "resources": {
                "data.github_user.user": {
                    "type": "github_user",
                    "depends_on": [],
                    "primary": {
                        "id": "32485940",
                        "attributes": {
                            "avatar_url": "https://avatars2.githubusercontent.com/u/32485940?v=4",
                            "bio": "",
                            "blog": "",
                            "company": "",
                            "email": "",
                            "followers": "0",
                            "following": "0",
                            "gpg_keys.#": "0",
                            "gravatar_id": "",
                            "id": "32485940",
                            "location": "",
                            "login": "guruchand",
                            "name": "",
                            "public_gists": "0",
                            "public_repos": "0",
                            "site_admin": "false",
                            "ssh_keys.#": "0",
                            "username": "guruchand"
                        },
                        "meta": {},
                        "tainted": false
                    },
                    "deposed": [],
                    "provider": "provider.github"
                },
                "github_membership.org_membership": {
                    "type": "github_membership",
                    "depends_on": [],
                    "primary": {
                        "id": "alphagov:guruchand",
                        "attributes": {
                            "etag": "W/\"656dc51532bd9a5d747dc019b4654ef6\"",
                            "id": "alphagov:guruchand",
                            "role": "member",
                            "username": "guruchand"
                        },
                        "meta": {},
                        "tainted": false
                    },
                    "deposed": [],
                    "provider": "provider.github"
                },
                "github_team_membership.team_membership.0": {
                    "type": "github_team_membership",
                    "depends_on": [],
                    "primary": {
                        "id": "2826122:guruchand",
                        "attributes": {
                            "etag": "W/\"8bf61fc3567c7db61520e29086ad6cd2\"",
                            "id": "2826122:guruchand",
                            "role": "member",
                            "team_id": "2826122",
                            "username": "guruchand"
                        },
                        "meta": {},
                        "tainted": false
                    },
                    "deposed": [],
                    "provider": "provider.github"
                },
                "github_team_membership.team_membership.1": {
                    "type": "github_team_membership",
                    "depends_on": [],
                    "primary": {
                        "id": "2826121:guruchand",
                        "attributes": {
                            "etag": "W/\"7a3261b6c3790908ecd0c768b54dc5bb\"",
                            "id": "2826121:guruchand",
                            "role": "member",
                            "team_id": "2826121",
                            "username": "guruchand"
                        },
                        "meta": {},
                        "tainted": false
                    },
                    "deposed": [],
                    "provider": "provider.github"
                },
                "github_team_membership.team_membership.2": {
                    "type": "github_team_membership",
                    "depends_on": [],
                    "primary": {
                        "id": "2826120:guruchand",
                        "attributes": {
                            "etag": "W/\"b98d4e7bfdeed5d580908d73242dd049\"",
                            "id": "2826120:guruchand",
                            "role": "member",
                            "team_id": "2826120",
                            "username": "guruchand"
                        },
                        "meta": {},
                        "tainted": false
                    },
                    "deposed": [],
                    "provider": "provider.github"
                },
                "github_team_membership.team_membership.3": {
                    "type": "github_team_membership",
                    "depends_on": [],
                    "primary": {
                        "id": "2826126:guruchand",
                        "attributes": {
                            "etag": "W/\"20f6bed49eed28656a2a192aa13592d2\"",
                            "id": "2826126:guruchand",
                            "role": "member",
                            "team_id": "2826126",
                            "username": "guruchand"
                        },
                        "meta": {},
                        "tainted": false
                    },
                    "deposed": [],
                    "provider": "provider.github"
                },
                "github_team_membership.team_membership.4": {
                    "type": "github_team_membership",
                    "depends_on": [],
                    "primary": {
                        "id": "2826123:guruchand",
                        "attributes": {
                            "etag": "W/\"f86528a8e522b857b6409ea5504ee77a\"",
                            "id": "2826123:guruchand",
                            "role": "member",
                            "team_id": "2826123",
                            "username": "guruchand"
                        },
                        "meta": {},
                        "tainted": false
                    },
                    "deposed": [],
                    "provider": "provider.github"
                },
                "github_team_membership.team_membership.5": {
                    "type": "github_team_membership",
                    "depends_on": [],
                    "primary": {
                        "id": "2826125:guruchand",
                        "attributes": {
                            "etag": "W/\"68e066ccda911b47b3488dd7552104bf\"",
                            "id": "2826125:guruchand",
                            "role": "member",
                            "team_id": "2826125",
                            "username": "guruchand"
                        },
                        "meta": {},
                        "tainted": false
                    },
                    "deposed": [],
                    "provider": "provider.github"
                },
                "github_team_membership.team_membership.6": {
                    "type": "github_team_membership",
                    "depends_on": [],
                    "primary": {
                        "id": "2915524:guruchand",
                        "attributes": {
                            "etag": "W/\"07059665e6f40b6ca500923d766cc3fd\"",
                            "id": "2915524:guruchand",
                            "role": "member",
                            "team_id": "2915524",
                            "username": "guruchand"
                        },
                        "meta": {},
                        "tainted": false
                    },
                    "deposed": [],
                    "provider": "provider.github"
                }
            },
            "depends_on": []
        },
        {
            "path": [
                "root",
                "user_ida_build_bot"
            ],
            "outputs": {},
            "resources": {
                "data.github_user.user": {
                    "type": "github_user",
                    "depends_on": [],
                    "primary": {
                        "id": "8503068",
                        "attributes": {
                            "avatar_url": "https://avatars1.githubusercontent.com/u/8503068?v=4",
                            "bio": "",
                            "blog": "",
                            "company": "",
                            "email": "",
                            "followers": "0",
                            "following": "0",
                            "gpg_keys.#": "0",
                            "gravatar_id": "",
                            "id": "8503068",
                            "location": "",
                            "login": "ida-build-bot",
                            "name": "",
                            "public_gists": "0",
                            "public_repos": "0",
                            "site_admin": "false",
                            "ssh_keys.#": "2",
                            "ssh_keys.0": "ssh-rsa AAAAB3NzaC1yc2EAAAADAQABAAABAQDBK7kdgYtU6NxeWY4rwD8fSESqZHKTahXfwgOheBjMH0UF8k9euPONDwY/q2WPjdXg2q96fW0sd3h1OKZuzVXwa/gBFolJM1P3rC8DG6TxWBTJea6lnsRcEuuvbv1dzS1yjU2NI7WX3wP+Ak6VbbqH+a+kyjscFr26NOdiQnz1CDPplEsiq/ckKJyfgNqS9325+cWbfbPsZGJu9DASIxdMXzdBaiOcFfM9JKf0xNqNt2sQIdZOCxyvvAAZMTqjQ2CheaSAXhXjyQZT32Lwqwq2a9JClEtM5cytHyjEAXjjq0QXVHWXMaQp+rhse+9i+rXyA3o/v3Zmz/zYbN6iTqE1",
                            "ssh_keys.1": "ssh-rsa AAAAB3NzaC1yc2EAAAADAQABAAABAQDlImOctBmPBmYGIbUaSjvEmynWfUYJm0JqFM5YK0THj6AOCJ/I1wAOfi1/vb6nKNbF0o0uvUCSXQew9PSB8OLjjPdpEpVagAGXMCvXXdacVgGJJq9wMSvUbaJOSz9ucpaRUNW43XwSwby8CJTW3A+gqIDSWl+V9MqCFL/qWJmT/l/Xy7VLlpJf2Od8OQXYiKw+Dld82jqt0eW3oWaCPfK0nVenS2WVS291l/loBc5xHY1r8ygpLz8V6ZRPLfMHc9oQ8gWLEdmkP+sOiQXotEOk/2dVixqdmQq3guK6Ab4rFECkRwSPY+XnXU5X0EVNXO0yzsxHvVMXfbE8bv9fvqk5",
                            "username": "ida-build-bot"
                        },
                        "meta": {},
                        "tainted": false
                    },
                    "deposed": [],
                    "provider": "provider.github"
                },
                "github_membership.org_membership": {
                    "type": "github_membership",
                    "depends_on": [],
                    "primary": {
                        "id": "alphagov:ida-build-bot",
                        "attributes": {
                            "etag": "W/\"920e3015e3bbf60105c6115bbcbca214\"",
                            "id": "alphagov:ida-build-bot",
                            "role": "member",
                            "username": "ida-build-bot"
                        },
                        "meta": {},
                        "tainted": false
                    },
                    "deposed": [],
                    "provider": "provider.github"
                },
                "github_team_membership.team_membership.0": {
                    "type": "github_team_membership",
                    "depends_on": [],
                    "primary": {
                        "id": "2826122:ida-build-bot",
                        "attributes": {
                            "etag": "W/\"56ba37773d2d5ade22ee564fc7a2afaa\"",
                            "id": "2826122:ida-build-bot",
                            "role": "member",
                            "team_id": "2826122",
                            "username": "ida-build-bot"
                        },
                        "meta": {},
                        "tainted": false
                    },
                    "deposed": [],
                    "provider": "provider.github"
                },
                "github_team_membership.team_membership.1": {
                    "type": "github_team_membership",
                    "depends_on": [],
                    "primary": {
                        "id": "2826127:ida-build-bot",
                        "attributes": {
                            "etag": "W/\"f8f71c69df6acafeb55b7e07ee1e4041\"",
                            "id": "2826127:ida-build-bot",
                            "role": "member",
                            "team_id": "2826127",
                            "username": "ida-build-bot"
                        },
                        "meta": {},
                        "tainted": false
                    },
                    "deposed": [],
                    "provider": "provider.github"
                },
                "github_team_membership.team_membership.2": {
                    "type": "github_team_membership",
                    "depends_on": [],
                    "primary": {
                        "id": "2826126:ida-build-bot",
                        "attributes": {
                            "etag": "W/\"bec2a661e5ddc4632d4cd4b68a0c2703\"",
                            "id": "2826126:ida-build-bot",
                            "role": "member",
                            "team_id": "2826126",
                            "username": "ida-build-bot"
                        },
                        "meta": {},
                        "tainted": false
                    },
                    "deposed": [],
                    "provider": "provider.github"
                },
                "github_team_membership.team_membership.3": {
                    "type": "github_team_membership",
                    "depends_on": [],
                    "primary": {
                        "id": "2826121:ida-build-bot",
                        "attributes": {
                            "etag": "W/\"5b17281c43d53b71d1b7edc13d9437b1\"",
                            "id": "2826121:ida-build-bot",
                            "role": "member",
                            "team_id": "2826121",
                            "username": "ida-build-bot"
                        },
                        "meta": {},
                        "tainted": false
                    },
                    "deposed": [],
                    "provider": "provider.github"
                },
                "github_team_membership.team_membership.4": {
                    "type": "github_team_membership",
                    "depends_on": [],
                    "primary": {
                        "id": "2826120:ida-build-bot",
                        "attributes": {
                            "etag": "W/\"11fedced3af330dee576fc5bfacb6d75\"",
                            "id": "2826120:ida-build-bot",
                            "role": "member",
                            "team_id": "2826120",
                            "username": "ida-build-bot"
                        },
                        "meta": {},
                        "tainted": false
                    },
                    "deposed": [],
                    "provider": "provider.github"
                },
                "github_team_membership.team_membership.5": {
                    "type": "github_team_membership",
                    "depends_on": [],
                    "primary": {
                        "id": "2826123:ida-build-bot",
                        "attributes": {
                            "etag": "W/\"a844c30d80b82a4e89cd2b73160b832a\"",
                            "id": "2826123:ida-build-bot",
                            "role": "member",
                            "team_id": "2826123",
                            "username": "ida-build-bot"
                        },
                        "meta": {},
                        "tainted": false
                    },
                    "deposed": [],
                    "provider": "provider.github"
                },
                "github_team_membership.team_membership.6": {
                    "type": "github_team_membership",
                    "depends_on": [],
                    "primary": {
                        "id": "2826125:ida-build-bot",
                        "attributes": {
                            "etag": "W/\"5cb33903f85ffb82a23c827618c8d081\"",
                            "id": "2826125:ida-build-bot",
                            "role": "member",
                            "team_id": "2826125",
                            "username": "ida-build-bot"
                        },
                        "meta": {},
                        "tainted": false
                    },
                    "deposed": [],
                    "provider": "provider.github"
                },
                "github_team_membership.team_membership.7": {
                    "type": "github_team_membership",
                    "depends_on": [],
                    "primary": {
                        "id": "2915520:ida-build-bot",
                        "attributes": {
                            "etag": "W/\"5c2c8de2e0717f5c60da7f0c282360cd\"",
                            "id": "2915520:ida-build-bot",
                            "role": "member",
                            "team_id": "2915520",
                            "username": "ida-build-bot"
                        },
                        "meta": {},
                        "tainted": false
                    },
                    "deposed": [],
                    "provider": "provider.github"
                },
                "github_team_membership.team_membership.8": {
                    "type": "github_team_membership",
                    "depends_on": [],
                    "primary": {
                        "id": "2826124:ida-build-bot",
                        "attributes": {
                            "etag": "W/\"546374edb75c7eac08f2fa7fdb4990a1\"",
                            "id": "2826124:ida-build-bot",
                            "role": "member",
                            "team_id": "2826124",
                            "username": "ida-build-bot"
                        },
                        "meta": {},
                        "tainted": false
                    },
                    "deposed": [],
                    "provider": "provider.github"
                },
                "github_team_membership.team_membership.9": {
                    "type": "github_team_membership",
                    "depends_on": [],
                    "primary": {
                        "id": "2915524:ida-build-bot",
                        "attributes": {
                            "etag": "W/\"136591c6f5c14194e9bbc2582697774f\"",
                            "id": "2915524:ida-build-bot",
                            "role": "member",
                            "team_id": "2915524",
                            "username": "ida-build-bot"
                        },
                        "meta": {},
                        "tainted": false
                    },
                    "deposed": [],
                    "provider": "provider.github"
                }
            },
            "depends_on": []
        },
        {
            "path": [
                "root",
                "user_idrop"
            ],
            "outputs": {},
            "resources": {
                "data.github_user.user": {
                    "type": "github_user",
                    "depends_on": [],
                    "primary": {
                        "id": "137389",
                        "attributes": {
                            "avatar_url": "https://avatars0.githubusercontent.com/u/137389?v=4",
                            "bio": "",
                            "blog": "http://who-owes-who.com",
                            "company": "",
                            "email": "",
                            "followers": "2",
                            "following": "0",
                            "gpg_keys.#": "0",
                            "gravatar_id": "",
                            "id": "137389",
                            "location": "London, UK",
                            "login": "idrop",
                            "name": "Phil Miller",
                            "public_gists": "7",
                            "public_repos": "9",
                            "site_admin": "false",
                            "ssh_keys.#": "2",
                            "ssh_keys.0": "ssh-rsa AAAAB3NzaC1yc2EAAAADAQABAAABAQC21xOT7vzcghrN0/BvTEh6n3nFGenxb+LmcDloXk2fc8w+CeIjJGqcgG8y/DAhuAYrq3YxaOPTXCVXJ5ewkrXNhA6kcLOuWjQLokc7uEuhT5uKsd8gTCBULe+33OY5r1K1QAURKxaaB/sJfjCBE9orWd/tDBrjFFxNhdvuUO2dQExluEHTI99Htle9ycVtrOpdx5krZQpWhG6YmRp0BuVXMGTBLwTt+MztC0Fk4+ongwcfux1mqHA3b93K3+IT5fZt1TLdnFIXOB4Y4tt0g3wsoyybbPJbMB/bjW2fAvMTCOCTh/EvabhBqjfCuvwcWLYXUFuf0lMtWnwNoCqWD8JV",
                            "ssh_keys.1": "ssh-rsa AAAAB3NzaC1yc2EAAAADAQABAAACAQDocryGoc94Yp0BcEwMeQoRNDaTUADknSYyxxDxWAeKDechk4V8dvUsCuGD4AD1iKnwMIzla8ye2PuDy7/N3/T61j6cyhBg1Tfg9g4Nafy8AVTQaYIuHYOsP1PSgxgMAGWfxBzOfbB/kfe7hiaZXS5Z6e4I2QSwhVh+9hxMzKBbJoVnxKHsB/X0XgocOvFzTUwZ77z+qZNfAmy7Ip3MaS5BPKNtMlRhrKa8XAfbiaM+GsddtjQpSgGSZGhuLPwOVhy6fPCnn7NsmBM8cYSS1KrvkCYSXZMFGESlPvJQ5ZEJ0wIvxqGNHP+ZXVVrYOlwxFmtBS6MAr2IBc3y4S794T6wZEJCgbMX+UyDXnDk6b4EL7yfdhI3PklyEtpVQ2ESddBxEgXd/ArGZkDOr/pXFiDAX1D7dqYAfXYSvSkCTPcTN/ouSInJ2aQGGhzE/94RrKqoVBT7Wbz/QYuDYdHI6CXVjPelD2L7200+feDck854+fpl/mzsD/pIdo6Ct6Asl96WuDY/9beu4I5CQkef3gV4SCO7cc/DU4nW9AiQjJG9zhazSf+Z1SGDUAUkGsz5xa3+vDCLUP4ehGRuMPN9ZShkWU2tV49O6I8PK/05OEcit3AThIZp4qWXBZZb0TBwkG4eBZ55uMwY13+4la88lra0u2duxFYxPQSp0jpaw7D0WQ==",
                            "username": "idrop"
                        },
                        "meta": {},
                        "tainted": false
                    },
                    "deposed": [],
                    "provider": "provider.github"
                },
                "github_membership.org_membership": {
                    "type": "github_membership",
                    "depends_on": [],
                    "primary": {
                        "id": "alphagov:idrop",
                        "attributes": {
                            "etag": "W/\"94a4270a7ca2edeec832ad2ec9d8124d\"",
                            "id": "alphagov:idrop",
                            "role": "member",
                            "username": "idrop"
                        },
                        "meta": {},
                        "tainted": false
                    },
                    "deposed": [],
                    "provider": "provider.github"
                },
                "github_team_membership.team_membership.0": {
                    "type": "github_team_membership",
                    "depends_on": [],
                    "primary": {
                        "id": "2826122:idrop",
                        "attributes": {
                            "etag": "W/\"53cdb351ac5f3e11d467d49afde3cdf0\"",
                            "id": "2826122:idrop",
                            "role": "member",
                            "team_id": "2826122",
                            "username": "idrop"
                        },
                        "meta": {},
                        "tainted": false
                    },
                    "deposed": [],
                    "provider": "provider.github"
                },
                "github_team_membership.team_membership.1": {
                    "type": "github_team_membership",
                    "depends_on": [],
                    "primary": {
                        "id": "2826121:idrop",
                        "attributes": {
                            "etag": "W/\"928a603b064a61a0762810d789ab3c2d\"",
                            "id": "2826121:idrop",
                            "role": "member",
                            "team_id": "2826121",
                            "username": "idrop"
                        },
                        "meta": {},
                        "tainted": false
                    },
                    "deposed": [],
                    "provider": "provider.github"
                },
                "github_team_membership.team_membership.2": {
                    "type": "github_team_membership",
                    "depends_on": [],
                    "primary": {
                        "id": "2826120:idrop",
                        "attributes": {
                            "etag": "W/\"44c440e4f43fd150a6fe566a031c8b72\"",
                            "id": "2826120:idrop",
                            "role": "member",
                            "team_id": "2826120",
                            "username": "idrop"
                        },
                        "meta": {},
                        "tainted": false
                    },
                    "deposed": [],
                    "provider": "provider.github"
                },
                "github_team_membership.team_membership.3": {
                    "type": "github_team_membership",
                    "depends_on": [],
                    "primary": {
                        "id": "2826126:idrop",
                        "attributes": {
                            "etag": "W/\"d23a0b40f786332bd34fbe8806ef1f32\"",
                            "id": "2826126:idrop",
                            "role": "member",
                            "team_id": "2826126",
                            "username": "idrop"
                        },
                        "meta": {},
                        "tainted": false
                    },
                    "deposed": [],
                    "provider": "provider.github"
                },
                "github_team_membership.team_membership.4": {
                    "type": "github_team_membership",
                    "depends_on": [],
                    "primary": {
                        "id": "2826123:idrop",
                        "attributes": {
                            "etag": "W/\"619ddce90013d8a12a36a3c1bc61318b\"",
                            "id": "2826123:idrop",
                            "role": "member",
                            "team_id": "2826123",
                            "username": "idrop"
                        },
                        "meta": {},
                        "tainted": false
                    },
                    "deposed": [],
                    "provider": "provider.github"
                },
                "github_team_membership.team_membership.5": {
                    "type": "github_team_membership",
                    "depends_on": [],
                    "primary": {
                        "id": "2826125:idrop",
                        "attributes": {
                            "etag": "W/\"e391a913616e54578187d42b3b39c384\"",
                            "id": "2826125:idrop",
                            "role": "member",
                            "team_id": "2826125",
                            "username": "idrop"
                        },
                        "meta": {},
                        "tainted": false
                    },
                    "deposed": [],
                    "provider": "provider.github"
                },
                "github_team_membership.team_membership.6": {
                    "type": "github_team_membership",
                    "depends_on": [],
                    "primary": {
                        "id": "2915524:idrop",
                        "attributes": {
                            "etag": "W/\"be159ef1be36b66db61a7c6af3e9b93d\"",
                            "id": "2915524:idrop",
                            "role": "member",
                            "team_id": "2915524",
                            "username": "idrop"
                        },
                        "meta": {},
                        "tainted": false
                    },
                    "deposed": [],
                    "provider": "provider.github"
                }
            },
            "depends_on": []
        },
        {
            "path": [
                "root",
                "user_jakubmiarka"
            ],
            "outputs": {},
            "resources": {
                "data.github_user.user": {
                    "type": "github_user",
                    "depends_on": [],
                    "primary": {
                        "id": "30629434",
                        "attributes": {
                            "avatar_url": "https://avatars3.githubusercontent.com/u/30629434?v=4",
                            "bio": "",
                            "blog": "",
                            "company": "",
                            "email": "",
                            "followers": "0",
                            "following": "0",
                            "gpg_keys.#": "0",
                            "gravatar_id": "",
                            "id": "30629434",
                            "location": "",
                            "login": "jakubmiarka",
                            "name": "Jakub Miarka",
                            "public_gists": "0",
                            "public_repos": "2",
                            "site_admin": "false",
                            "ssh_keys.#": "2",
                            "ssh_keys.0": "ssh-rsa AAAAB3NzaC1yc2EAAAADAQABAAACAQC0P/aCxylpAfCsSAozPT4mixHCl8/zvKg0TrZKc92p0EEVBe6ZzO6R/xcyArm7/gQPYMjRTDyLswCH5WFn0Zx4YjCypMZndRLk0fe6018VNYg4jsbWAGSpK2If8m+WbhOaYcBNoGyIMds+kWWJi2JE1iyL1UyyM/oRilp1vP4zlNfKKTojM8GISUaGwvPp+0HkCNDmbjyaNAoMc5hyywKeFdFms2Z5E0yTGlebjVRl38jZJwuUsSYp3a29N8rtZi2QPXKmftL4HByVpRk/T8zka0rb37QaeMuTrXWJcF1lgqYI9gvaAd2tNLbXwXeA8N9tbhS5WVPIZwn88v9353HrHfEH4lzOPZr33I0cK7BKqeHN/m3TRTQM+ZC9fZiJWSAake96d1MPi8yYs3A7b9wTeVal7NAxysqvpZz7zQGP5vSfoLMCaw8zzIpLGyl/KdCEF84q+E6R/LzPFkq6Dg/UScdcJZtT67aoT1agAzjrVUp5+N7dt9fBQrh0jRSDtJF5b85BNoLbErKCOMSzoQWuRoKkNVZhw+o8xL4KW/xAtBy2D/F54YRohG+/4W+72lA85cFpCyJJ1d3xiOLeUFIUiMWNjKXNCl6oTBxBg+sAYphXHJVQukJiapSXAMAEhTgPT9Lj7Jm+KfJOlN0klxE17FwIMzvstVxXq9ZS27Dhgw==",
                            "ssh_keys.1": "ssh-rsa AAAAB3NzaC1yc2EAAAADAQABAAACAQC7czDeohXqYDSzK6R89JQPUtneooA1oSkqaPqt8hjd5xslbKnUu0qWpl1Qfu7IMbyhE2S8xTXHkV3gpb6caad06eb610Fu94eV+8trYweoAlymL2iPW9Ln4E58xmjYhKPe7wXOEVAqJYNqZtVZ41BCDaTPSh+fGdHV6xLC49SsT2SfShioxv6AFseCWwH+O8FbxAWgOYphqHUew9HpsOLcAVBfKNckia/D+PDFWDfXZayqvGlGc5iAaKkeh8cXAvIpw+ppnT+bg7+ByaNiNLl+Vcq/pUmgC4aEh6xMf4dVJez3UYymQrujbbDLV5Nn63iGxGSvOI1uwrJlShGdkdIuj2/+I1/eireE2KXBAG84CpvoEnE85I9AuA8jkMpfi1B4xQuGew3ze1/W0qzGxsAJS476ab35fWcmdnaejMA9Z2bESanPvBJInxBPtuVDcAuf95jWvHazU5ynL+v9DJ9lsuHaTL+IKzDN6KHAyycQw/h1iY8TO5gsMxXJUptl6qBXW0S5RUvwnvYfbuEOuRdb3Fg0KIOTjdCQqZePPH97Zf6VislMT+v7FB54tp85b5rySKAe9arQ6Gs4RlqS43z13CxHNhOG5RFU+wm+M1sKG9eAdkYGjCjk3c3LsqR63NWQEpBJ3ocF7LD9KQavNcFMMeAfs8lsknnNhrIaoMl3qw==",
                            "username": "jakubmiarka"
                        },
                        "meta": {},
                        "tainted": false
                    },
                    "deposed": [],
                    "provider": "provider.github"
                },
                "github_membership.org_membership": {
                    "type": "github_membership",
                    "depends_on": [],
                    "primary": {
                        "id": "alphagov:jakubmiarka",
                        "attributes": {
                            "etag": "W/\"233582b0dc790df4da8c349bf94f88e6\"",
                            "id": "alphagov:jakubmiarka",
                            "role": "member",
                            "username": "jakubmiarka"
                        },
                        "meta": {},
                        "tainted": false
                    },
                    "deposed": [],
                    "provider": "provider.github"
                },
                "github_team_membership.team_membership.0": {
                    "type": "github_team_membership",
                    "depends_on": [],
                    "primary": {
                        "id": "2826122:jakubmiarka",
                        "attributes": {
                            "etag": "W/\"d81046aef252d1c77455b76bb3d38e71\"",
                            "id": "2826122:jakubmiarka",
                            "role": "member",
                            "team_id": "2826122",
                            "username": "jakubmiarka"
                        },
                        "meta": {},
                        "tainted": false
                    },
                    "deposed": [],
                    "provider": "provider.github"
                },
                "github_team_membership.team_membership.1": {
                    "type": "github_team_membership",
                    "depends_on": [],
                    "primary": {
                        "id": "2826123:jakubmiarka",
                        "attributes": {
                            "etag": "W/\"c8a4a6510a5a12848963ad230c5047c8\"",
                            "id": "2826123:jakubmiarka",
                            "role": "member",
                            "team_id": "2826123",
                            "username": "jakubmiarka"
                        },
                        "meta": {},
                        "tainted": false
                    },
                    "deposed": [],
                    "provider": "provider.github"
                },
                "github_team_membership.team_membership.2": {
                    "type": "github_team_membership",
                    "depends_on": [],
                    "primary": {
                        "id": "2826125:jakubmiarka",
                        "attributes": {
                            "etag": "W/\"7b4ce2645dd54acb8422d0190c412383\"",
                            "id": "2826125:jakubmiarka",
                            "role": "member",
                            "team_id": "2826125",
                            "username": "jakubmiarka"
                        },
                        "meta": {},
                        "tainted": false
                    },
                    "deposed": [],
                    "provider": "provider.github"
                },
                "github_team_membership.team_membership.3": {
                    "type": "github_team_membership",
                    "depends_on": [],
                    "primary": {
                        "id": "2915524:jakubmiarka",
                        "attributes": {
                            "etag": "W/\"db085725366e20f4b71ea0b6eda95f8f\"",
                            "id": "2915524:jakubmiarka",
                            "role": "member",
                            "team_id": "2915524",
                            "username": "jakubmiarka"
                        },
                        "meta": {},
                        "tainted": false
                    },
                    "deposed": [],
                    "provider": "provider.github"
                }
            },
            "depends_on": []
        },
        {
            "path": [
                "root",
                "user_jhjava"
            ],
            "outputs": {},
            "resources": {
                "data.github_user.user": {
                    "type": "github_user",
                    "depends_on": [],
                    "primary": {
                        "id": "35073557",
                        "attributes": {
                            "avatar_url": "https://avatars0.githubusercontent.com/u/35073557?v=4",
                            "bio": "",
                            "blog": "",
                            "company": "",
                            "email": "",
                            "followers": "0",
                            "following": "0",
                            "gpg_keys.#": "0",
                            "gravatar_id": "",
                            "id": "35073557",
                            "location": "",
                            "login": "JHjava",
                            "name": "",
                            "public_gists": "0",
                            "public_repos": "1",
                            "site_admin": "false",
                            "ssh_keys.#": "2",
                            "ssh_keys.0": "ssh-rsa AAAAB3NzaC1yc2EAAAADAQABAAACAQC/yZQW+Xz9N6IwzwTm77jBMZHICrG/IUXA/CPnSeA8x5GIjo5ey5GXzUL3BOvj+7U8RPzg9WtI1cTpDFGxS7+i44ls5HFtE4ozaSBZdfDNqyxB1aQEiWRT8O12Q2e74NauljUHRkljS6DEmlt49lii4np/LvyJ5gbmGCxFCAMDP8cKMFEg3hdWr1jiM69/pFsiw0+VwrPv5G2cmCSmEVcvmip51VsdfA+d7k0+V054llYlZmKtGR3w2FDt0tUg+q1Jta5ZwokzYNJpBHrQkaB10TpQUJnrAUFuaa30sWdhmh9DNcthRJXSjiiRxPnwcnlhEN70swxDAMFe1syXSM2aCP6eL+qYBvcEjPHyDijUK1sG0//uTvGJY1xSwWws6NWMPpSkEW8fsUr7Fo3XmIpU6CXYtLlOQ4UC2w3pPQoDW3qKAilHdugBj26gj0qfInFwKl4/fsLgKLyNIaTbG8G2KKLtMAcu6nQ/PF4+xvdfmbUK+mQ9y5oUYm5z2WkZC9Q7lTkL+yBGdtaCMycHhbniDQeB5jMNktL78UxOhy4ICmOyr6BaDFscXS49OB0pFZZ55GBRUhinH6apIerM+3Jm8wX2mG82YkmOJfZc47rSLQbwkhy5522cKr6+KI20w16JBRmbHxkFoCotWqd0TgZ+EgxDQ+vPrQw1zySPXFlQew==",
                            "ssh_keys.1": "ssh-rsa AAAAB3NzaC1yc2EAAAADAQABAAACAQDVWjwMKLbW9aeG+78MlZI27aDBbd5hDIb64lCZNAjla3vbYfIAIqoqKpQCFQWfLmmCgp3i5lF8ZQ3+20LF62dSdsB0+2JfdyKgFf6A3kDLCSBz3s7e+megOIlhgtobvk64X2R1hGzeV8uxxfp5hfF0KqHwUXuRmUJ1qCpsOH5Bh2aA2XMM3gdH84aOxL4RscDUXzQEgbrTdwmGDfLEafHCiKFVspVUlJtWqhbA9UJoZ29ZDZHwBJLMRNV6mHGrxNU0jArst9bLyjIikaGy3tSjSmTD6kfyVsljNZn/0AkqI+akHPbYDGtcYXJnr9+YubT+KsWdmB2/M7FxWXuJIy7J/eR0Ldus6e1LWtXsCZHqRcOPe5kn7wojqiwHeFvA8MeadAlm9xzvUlLrS9oOnPx2fBBby1pc/iTuDXOscH+RiemfHzNOgzcGlPkBxFUGri2L2hfOpw+4TUMtmGz1VBi1K/iyq0A+Fd2OCHBHncwSowkcCCfAV4jdUvSGvONXzkEGtfT0GfRXGHH5Ibtkm+9hIoVtpJT4t/pCb5j+W1v1Qisoof++u6EpOAs1Ihm+vKkEktjEVad/O4SkoIFvolYoO2zxqeAN8QBP8WQW6uzS4LamfIfRpyg5nJ4jBLsyX6gIH5QmpSz2Jh+RFc5FKGS8yvND3SKPYa4TE5rHGcZynw==",
                            "username": "JHjava"
                        },
                        "meta": {},
                        "tainted": false
                    },
                    "deposed": [],
                    "provider": "provider.github"
                },
                "github_membership.org_membership": {
                    "type": "github_membership",
                    "depends_on": [],
                    "primary": {
                        "id": "alphagov:JHjava",
                        "attributes": {
                            "etag": "W/\"ba8244b265988e02ea1bf6cd18dd4517\"",
                            "id": "alphagov:JHjava",
                            "role": "admin",
                            "username": "JHjava"
                        },
                        "meta": {},
                        "tainted": false
                    },
                    "deposed": [],
                    "provider": "provider.github"
                },
                "github_team_membership.team_membership.0": {
                    "type": "github_team_membership",
                    "depends_on": [],
                    "primary": {
                        "id": "2826122:JHjava",
                        "attributes": {
                            "etag": "W/\"4bb930897662a5fcdd75fb05156bb17f\"",
                            "id": "2826122:JHjava",
                            "role": "maintainer",
                            "team_id": "2826122",
                            "username": "JHjava"
                        },
                        "meta": {},
                        "tainted": false
                    },
                    "deposed": [],
                    "provider": "provider.github"
                },
                "github_team_membership.team_membership.1": {
                    "type": "github_team_membership",
                    "depends_on": [],
                    "primary": {
                        "id": "2826121:JHjava",
                        "attributes": {
                            "etag": "W/\"44de6ccbaa077ae6b066834732e2736e\"",
                            "id": "2826121:JHjava",
                            "role": "maintainer",
                            "team_id": "2826121",
                            "username": "JHjava"
                        },
                        "meta": {},
                        "tainted": false
                    },
                    "deposed": [],
                    "provider": "provider.github"
                },
                "github_team_membership.team_membership.2": {
                    "type": "github_team_membership",
                    "depends_on": [],
                    "primary": {
                        "id": "2826120:JHjava",
                        "attributes": {
                            "etag": "W/\"7932c8f9d96808768807d308404dfe11\"",
                            "id": "2826120:JHjava",
                            "role": "maintainer",
                            "team_id": "2826120",
                            "username": "JHjava"
                        },
                        "meta": {},
                        "tainted": false
                    },
                    "deposed": [],
                    "provider": "provider.github"
                },
                "github_team_membership.team_membership.3": {
                    "type": "github_team_membership",
                    "depends_on": [],
                    "primary": {
                        "id": "2826126:JHjava",
                        "attributes": {
                            "etag": "W/\"02a9ce3aeb6da61ec6ad7ce17ba64363\"",
                            "id": "2826126:JHjava",
                            "role": "maintainer",
                            "team_id": "2826126",
                            "username": "JHjava"
                        },
                        "meta": {},
                        "tainted": false
                    },
                    "deposed": [],
                    "provider": "provider.github"
                },
                "github_team_membership.team_membership.4": {
                    "type": "github_team_membership",
                    "depends_on": [],
                    "primary": {
                        "id": "2826123:JHjava",
                        "attributes": {
                            "etag": "W/\"a04e3868bbf6ea1ce5e0b1ce78dca3ba\"",
                            "id": "2826123:JHjava",
                            "role": "maintainer",
                            "team_id": "2826123",
                            "username": "JHjava"
                        },
                        "meta": {},
                        "tainted": false
                    },
                    "deposed": [],
                    "provider": "provider.github"
                },
                "github_team_membership.team_membership.5": {
                    "type": "github_team_membership",
                    "depends_on": [],
                    "primary": {
                        "id": "2826125:JHjava",
                        "attributes": {
                            "etag": "W/\"cee79f1d8d4b529eb66df952333c0a90\"",
                            "id": "2826125:JHjava",
                            "role": "maintainer",
                            "team_id": "2826125",
                            "username": "JHjava"
                        },
                        "meta": {},
                        "tainted": false
                    },
                    "deposed": [],
                    "provider": "provider.github"
                },
                "github_team_membership.team_membership.6": {
                    "type": "github_team_membership",
                    "depends_on": [],
                    "primary": {
                        "id": "2915524:JHjava",
                        "attributes": {
                            "etag": "W/\"15042c975c7b409ff4c74cfe87ae965b\"",
                            "id": "2915524:JHjava",
                            "role": "maintainer",
                            "team_id": "2915524",
                            "username": "JHjava"
                        },
                        "meta": {},
                        "tainted": false
                    },
                    "deposed": [],
                    "provider": "provider.github"
                }
            },
            "depends_on": []
        },
        {
            "path": [
                "root",
                "user_jkunle"
            ],
            "outputs": {},
            "resources": {
                "data.github_user.user": {
                    "type": "github_user",
                    "depends_on": [],
                    "primary": {
                        "id": "3749690",
                        "attributes": {
                            "avatar_url": "https://avatars2.githubusercontent.com/u/3749690?v=4",
                            "bio": "GDS Developer",
                            "blog": "",
                            "company": "@alphagov ",
                            "email": "olakunle.jegede@digital.cabinet-office.gov.uk",
                            "followers": "0",
                            "following": "0",
                            "gpg_keys.#": "0",
                            "gravatar_id": "",
                            "id": "3749690",
                            "location": "",
                            "login": "jkunle",
                            "name": "Olakunle Jegede",
                            "public_gists": "0",
                            "public_repos": "22",
                            "site_admin": "false",
                            "ssh_keys.#": "1",
                            "ssh_keys.0": "ssh-rsa AAAAB3NzaC1yc2EAAAADAQABAAACAQDAT2nKoCdvwxPEy4/QOCj7fAvbwlr0rhbFkMfD4oWsfJMqFz23bo4abyBghBZkT1TAIJ8fwed2hpRsZDu3bpsDjRswSxDOITKDRsQA+H1yCILNSpsqEclMnzo5cD+Nw+Kiy8fTjfa0ilbdKEnnKQh9uz0tavFXkNGcvKmxWSTAXAgD9s/nMDAz/Wes/EkkFeq0ODO/O9sYxhXG57l3kTzqDuVi15/KwgIw2Ol8InGIoZsaezCpTPLY6alOfVHC3lrubJfzv6WF7UsDmsnMLukvSvcnrQCirZWMKtH1+RgO4wNJwu6q7vobu20mli05Upz79pwZJcYKs+FZLyGFj6HlKZNpfzhaJje2mjgfNlA1E+96FqZzIaX1YXEvM+UUEZNFwyXqt83CXMACdi1AQRKXEQOib0A0cDwSajsN4GBA6yrm+t5BdQW/sO/Tn5rvG5bPIoLUGxkRCfhCaM6GHbzTHz9+FMzGmxb8Z/gZl1LCKMWC/fJ1bOXk9tuZzsRclcOMOMG6D5BkSmirQCUubtxgdQLlE8pXe5GP2eGMVHyoRp4mNh8Qo4u/5hShSFg+hE5QGcVS+x60bSZxIoVWhKb7ZUN7h6YQ8xqwD1qK2RoWydwG+WgNUtL8xh/g/uDgK692UaRaaqyI5QS+uwBCTy+j9m3LVPa0smUX41H+fwWbqw==",
                            "username": "jkunle"
                        },
                        "meta": {},
                        "tainted": false
                    },
                    "deposed": [],
                    "provider": "provider.github"
                },
                "github_membership.org_membership": {
                    "type": "github_membership",
                    "depends_on": [],
                    "primary": {
                        "id": "alphagov:jkunle",
                        "attributes": {
                            "etag": "W/\"6db809482de52301296e72b43cbcbb0b\"",
                            "id": "alphagov:jkunle",
                            "role": "member",
                            "username": "jkunle"
                        },
                        "meta": {},
                        "tainted": false
                    },
                    "deposed": [],
                    "provider": "provider.github"
                },
                "github_team_membership.team_membership.0": {
                    "type": "github_team_membership",
                    "depends_on": [],
                    "primary": {
                        "id": "2826122:jkunle",
                        "attributes": {
                            "etag": "W/\"eaf3d44859d9a2cf7686e1afd30dfb2b\"",
                            "id": "2826122:jkunle",
                            "role": "member",
                            "team_id": "2826122",
                            "username": "jkunle"
                        },
                        "meta": {},
                        "tainted": false
                    },
                    "deposed": [],
                    "provider": "provider.github"
                },
                "github_team_membership.team_membership.1": {
                    "type": "github_team_membership",
                    "depends_on": [],
                    "primary": {
                        "id": "2826127:jkunle",
                        "attributes": {
                            "etag": "W/\"a47c0046a3ed361d1c2911a25020a664\"",
                            "id": "2826127:jkunle",
                            "role": "member",
                            "team_id": "2826127",
                            "username": "jkunle"
                        },
                        "meta": {},
                        "tainted": false
                    },
                    "deposed": [],
                    "provider": "provider.github"
                },
                "github_team_membership.team_membership.2": {
                    "type": "github_team_membership",
                    "depends_on": [],
                    "primary": {
                        "id": "2826126:jkunle",
                        "attributes": {
                            "etag": "W/\"00508faff24a5cfd820424ace80996ee\"",
                            "id": "2826126:jkunle",
                            "role": "member",
                            "team_id": "2826126",
                            "username": "jkunle"
                        },
                        "meta": {},
                        "tainted": false
                    },
                    "deposed": [],
                    "provider": "provider.github"
                },
                "github_team_membership.team_membership.3": {
                    "type": "github_team_membership",
                    "depends_on": [],
                    "primary": {
                        "id": "2826123:jkunle",
                        "attributes": {
                            "etag": "W/\"1c7ac1404d795aac248a95a6659f2520\"",
                            "id": "2826123:jkunle",
                            "role": "member",
                            "team_id": "2826123",
                            "username": "jkunle"
                        },
                        "meta": {},
                        "tainted": false
                    },
                    "deposed": [],
                    "provider": "provider.github"
                },
                "github_team_membership.team_membership.4": {
                    "type": "github_team_membership",
                    "depends_on": [],
                    "primary": {
                        "id": "2826125:jkunle",
                        "attributes": {
                            "etag": "W/\"d0e8c011a251c0f3d3a853d848157dfb\"",
                            "id": "2826125:jkunle",
                            "role": "member",
                            "team_id": "2826125",
                            "username": "jkunle"
                        },
                        "meta": {},
                        "tainted": false
                    },
                    "deposed": [],
                    "provider": "provider.github"
                },
                "github_team_membership.team_membership.5": {
                    "type": "github_team_membership",
                    "depends_on": [],
                    "primary": {
                        "id": "2915524:jkunle",
                        "attributes": {
                            "etag": "W/\"d3c5d313683e320fb19b73fa7e484b04\"",
                            "id": "2915524:jkunle",
                            "role": "member",
                            "team_id": "2915524",
                            "username": "jkunle"
                        },
                        "meta": {},
                        "tainted": false
                    },
                    "deposed": [],
                    "provider": "provider.github"
                }
            },
            "depends_on": []
        },
        {
            "path": [
                "root",
                "user_johnwattsgds"
            ],
            "outputs": {},
            "resources": {
                "data.github_user.user": {
                    "type": "github_user",
                    "depends_on": [],
                    "primary": {
                        "id": "44802846",
                        "attributes": {
                            "avatar_url": "https://avatars1.githubusercontent.com/u/44802846?v=4",
                            "bio": "",
                            "blog": "",
                            "company": "",
                            "email": "",
                            "followers": "0",
                            "following": "0",
                            "gpg_keys.#": "0",
                            "gravatar_id": "",
                            "id": "44802846",
                            "location": "",
                            "login": "JohnWattsGDS",
                            "name": "John Watts",
                            "public_gists": "0",
                            "public_repos": "0",
                            "site_admin": "false",
                            "ssh_keys.#": "1",
                            "ssh_keys.0": "ssh-rsa AAAAB3NzaC1yc2EAAAADAQABAAACAQDF6sqg12qi3Ap3dTcigh8oq8QVs0gd3N64f79jnRR5Y1l0IjCDpIMyXc4qGxan9a51+TC1SDnkszNoUxMgp376mf/ni0rJAH0zcFg6nsuHV5Mw1GGb/0Z6X8USSlTtM1MqDWspZiao0uqMmULweCWPqwmbbavkyttI9ohW7WSrvdM4JUlgiKAx2BS6tuXtafNYzJmzs/4VQ0h5OIdSqTLGHASOpqNolR7EMymuwtmqDCSBuXXFsYtbm58TkiWqyJD9KYywqicsocHJBQ1sTifA9FEp9hVsFTo+6lsVgvu33UqhzjZUODDbNyHeR/qDQRgBXp8/gCRJcIcmcN8eJJsdZKNEI+75IZoZEiSbLQJn6NPdWOvKkKA8NQd2K4vvBf4fDmh+5t8XX/EMHRIcNGyGY/gt2+0498iDdChTd5s+/5GZq5MFMSQ+vh0kv2XlsFfsH85sqZ6Hi4hNeQdhPYx6bcohufRHKYhyLGm4r22fytGQ3wzc6WG3n626O4bOPtmSk/mUid2wwKkKvMBLHNjgXKVHKi9BdWFW7BcB67gbq/drD9ENwyAYqNiO+S7LpeH+HZ95tqOaZx3uvanr5tcnhP0HGrkzhc0TjzcCkn1ZP/izEbMktroAq9fpganrZ/sgabOtbp/IYg8DeiYVj/E1ML23FJmIJNvGliHwPD8z8w==",
                            "username": "JohnWattsGDS"
                        },
                        "meta": {},
                        "tainted": false
                    },
                    "deposed": [],
                    "provider": "provider.github"
                },
                "github_membership.org_membership": {
                    "type": "github_membership",
                    "depends_on": [],
                    "primary": {
                        "id": "alphagov:JohnWattsGDS",
                        "attributes": {
                            "etag": "W/\"39171d205efc1ac8e85297e5abbf3248\"",
                            "id": "alphagov:JohnWattsGDS",
                            "role": "member",
                            "username": "JohnWattsGDS"
                        },
                        "meta": {},
                        "tainted": false
                    },
                    "deposed": [],
                    "provider": "provider.github"
                },
                "github_team_membership.team_membership.0": {
                    "type": "github_team_membership",
                    "depends_on": [],
                    "primary": {
                        "id": "2826122:johnwattsgds",
                        "attributes": {
                            "etag": "W/\"12ed7ad0683e2fb057b434ed3f3cb29b\"",
                            "id": "2826122:johnwattsgds",
                            "role": "member",
                            "team_id": "2826122",
                            "username": "JohnWattsGDS"
                        },
                        "meta": {},
                        "tainted": false
                    },
                    "deposed": [],
                    "provider": "provider.github"
                },
                "github_team_membership.team_membership.1": {
                    "type": "github_team_membership",
                    "depends_on": [],
                    "primary": {
                        "id": "2826123:JohnWattsGDS",
                        "attributes": {
                            "etag": "W/\"5ce25d6285766331c915842f70f79d2f\"",
                            "id": "2826123:JohnWattsGDS",
                            "role": "member",
                            "team_id": "2826123",
                            "username": "JohnWattsGDS"
                        },
                        "meta": {},
                        "tainted": false
                    },
                    "deposed": [],
                    "provider": "provider.github"
                },
                "github_team_membership.team_membership.2": {
                    "type": "github_team_membership",
                    "depends_on": [],
                    "primary": {
                        "id": "2826125:johnwattsgds",
                        "attributes": {
                            "etag": "W/\"f6506de1fde7c679a35b829dee3767c9\"",
                            "id": "2826125:johnwattsgds",
                            "role": "member",
                            "team_id": "2826125",
                            "username": "JohnWattsGDS"
                        },
                        "meta": {},
                        "tainted": false
                    },
                    "deposed": [],
                    "provider": "provider.github"
                },
                "github_team_membership.team_membership.3": {
                    "type": "github_team_membership",
                    "depends_on": [],
                    "primary": {
                        "id": "2915524:JohnWattsGDS",
                        "attributes": {
                            "etag": "W/\"e54ce3dea9f5ab2c2f09b99b6f5ad274\"",
                            "id": "2915524:JohnWattsGDS",
                            "role": "member",
                            "team_id": "2915524",
                            "username": "JohnWattsGDS"
                        },
                        "meta": {},
                        "tainted": false
                    },
                    "deposed": [],
                    "provider": "provider.github"
                }
            },
            "depends_on": []
        },
        {
            "path": [
                "root",
                "user_jstandring_gds"
            ],
            "outputs": {},
            "resources": {
                "data.github_user.user": {
                    "type": "github_user",
                    "depends_on": [],
                    "primary": {
                        "id": "19669295",
                        "attributes": {
                            "avatar_url": "https://avatars1.githubusercontent.com/u/19669295?v=4",
                            "bio": "",
                            "blog": "",
                            "company": "",
                            "email": "",
                            "followers": "0",
                            "following": "0",
                            "gpg_keys.#": "1",
                            "gpg_keys.0": "xsFNBFrCKpIBEAC9dE9obtlBxYFQvsrEkgVDukhGb6152Ly3av/WquNSO5oLXghKP0hfgwrTH7EoWzm/sumj6tqwf314AAni1AI1WA5kcGMS+9zB17c3fPKIrOv2KbbIG4VO5gB+9dheG0eGbOzegsFiSLGIxdfcX22fwi3GL1Kw4aoQdFzWhicnJqOkDG2+cKeR/WMGPMnUPjJf/wt2pkIq533Gm0Pt4FEsdoQgB8XcBC2qLCsfETW/ZqB1YP1xpgYRdj9t16JwKh2FgxjZiLUWHaxhX8br3UV+N0Zny4vOBK/zI/GEJUoSndRodFRqipxKtOV6W8R3419ELTO6RGF3/jfogouZPUttw6nXpMEd6v+xqnOq6Ilj6YWYmMHzWYvdkcLZqhr6hIM8flQbrNXxy1DbSQ9ujtoEt9mlgJU3txpVbrMiTez1lgiktjTuqreVr9/Lp+boXTHp1l0/VCnVvlDV9gTuWzvUDS1uaK4rMIZQhqgXfO+NZMgVH4SE3Dbvu7tXHIYhdGnUqxkQaMXzHXxWExGudFZQP8bJBpc023r7OhCJJmo8876WlCIKBvgdpNb2/DXkdmNQDhGQwicLmVtCOdKzN+w1w6NXyZlcN5jJ44PQXrTMAEvRkKLwxixoMijjqWpr1hTT8RpLUcr+biNOqx+bdh29iCuxtxsRdr3m4O4JtmxnfwARAQAB",
                            "gravatar_id": "",
                            "id": "19669295",
                            "location": "",
                            "login": "jstandring-gds",
                            "name": "Julian Standring",
                            "public_gists": "0",
                            "public_repos": "1",
                            "site_admin": "false",
                            "ssh_keys.#": "3",
                            "ssh_keys.0": "ssh-rsa AAAAB3NzaC1yc2EAAAADAQABAAACAQDfKpwdgfIVnYCCIkcE29Q3ykt4XpEbfMu7r5GdCPCvhK2MNB4W24qWB2KMdArdBLomjDN30+0Lo5g2oppXIu0mssTdsOcdyhv5TfW9hROwTa0gcsjHis2HrkwUMJzhP2+Mluaajyt/ewSIONWdCVLTSEOnbg+Pco599ynX5IVjcCk0ne/TAqK3YY6iWDxUNunfRHO+BuDxO10bWHun/euv0y0faKSzI0f6dmeZy4Ku95DlaS8N87B1GN2p5PBYkUG8gETRYzfZgK9Clc5RR7dIQ2uXGAqXa3uPjDkyL6mGT3gA+udRPuZdv9nEP+fx5FixTtqeHnNhsuDiBreSYeZzr4zHwGpRIyA1v661zaNPUOqdmsI9zABFOXm69JdiXcMKsMX4IBpVQsO7h9JyTRjnNH+wRSNPPOjRZWhIZoxtEEH2W7fAH75chwFnUx61sKdJRtTKIv6pDDsYjwAn7Xi7F4bCC2pFlr9tR6WnXoXPcpIyQOcYwDm1FdRNLWKB2yAae9LFKPR14Y/C6QW4H5DKNOGm7rFJqi2219qqO0saCyMjjI0NtKOmXFKEZl0U+gWT925WplSbPz/RHLLC4anOvH6Nou+v/conh5wZFs3y7yzUeIf14NvBl6ulJPXyIQaQzyKXzWktCdVkCw8aKLk5fmsXoU8lndMR9BCBB5jCHQ==",
                            "ssh_keys.1": "ssh-rsa AAAAB3NzaC1yc2EAAAADAQABAAACAQDIkDGmQFdrCcJqEsOOcmdi7sYajA92epeBoG9EB83Fe5h4CY+dLIOBFbdbeKTCwrM9joOUUBXI85smv9L7rJ/oB/iRKIoP93OncEhquIgR/wym4YbKGcGa75gljBCPxpYDsb3VhI5etF3+oz5icfs5k3wOL9pokknzk/YG0XdCo6iHSwwITDemAERygSLBimMA7IpXuP9zQELxI6ZacBJGZyBwJ9cNqz9zPh/UIimhrXa7qeYbehNvUE0S2kwarUdsMt4+7ClssXiYp2QBTjqRmjTKC6XgkN+wHIpLzv0tDOVD4jH+CV7pw8LpC6ePhWf0l9j8SR0OPpyyvCN7BdN3IrUMmJzNTkZlqBlQdp3QuV+GB8yiXRgSkwqVYxFrTZT5FArXUUYdqk77/7kRNzBBUChi5KXqqlq5QRkhc7dtkXHi3ptrmC7OEurmDrKjW3dhDHPNc6VNaf6SCiR6xtk0F/ju1JQ1jTYMI3kB/X0LbS05qgD9mgQkuzwdhQhG4pJvvdo60d/+fqpYeThVz63GdS/t2RdrfCwiE5GSO/UsoRQg3zjJkZiZmUKtK9yL6n46bhH4AHYGdLXdIAhZJwqo6cap390MVgeUSWFxiGVTg9qvW7PSpEGCtFzRSpLGiL5gaojQR9ikEwRvJJ4Qv511pt4/psuDgi/NbVhvxSX16Q==",
                            "ssh_keys.2": "ssh-rsa AAAAB3NzaC1yc2EAAAADAQABAAACAQC5GomN8xUQ6zn1fQ4HOs9dvpl9JbRGApV0/lAv4GYNHRjJ8K5AMijAuPJ+Uz9hUQI5OI14BKSHN4QYgLfLgFuF5PecNAOmHU8ktQEWre0t8SL78SrQfLoj6kVeAGY73Cvzi1ZakB9kt8kyAAYRUSIcD23U4OqR/qpE0feJRnS/YuKesz7rX1njJOuScuq/eDbQZbYpq1b04OPwFyAzOEZFdmfXZ/gQZzALGz5AGv0HHRwsBglgikZalc17GpJl2SjG7fxOHh86Woj/m7N1CJZzJH0ew5jYq6/vOzUhmddMQMClBGERjCLwnDpl8mG/ELvMnBo4csynKXP+oFgrbkshuW54uS4lhuywfnqMfU/NWVnch3knQZs7uLyus9KWsYQGcFEhs+1ozk+URoGLk4XLF507I14TW2HTux6eomEiuMEmdblvUwcFEqhqh0ygLkBN0cf/R1GnwYoOLnRTK7gQOKAwy1qnStxo3F8sz+hkR8bqNlC3wZWj0641MgXEDab7BTUrvsFv7cto6XW9CbbuRukKQJYZB4fGC/gEsWimJLGWM1fVTVtjvGo3XDodl51Q4kHOn7wql/JKbkzexggb+p5rdwSXn9+kHB0QREUCqcrRb5TLjyBdandQCMfyvhBl0N+TSqZys0lmYQn0bsbe6WYFm44Zpk0GAaFFRG0vKQ==",
                            "username": "jstandring-gds"
                        },
                        "meta": {},
                        "tainted": false
                    },
                    "deposed": [],
                    "provider": "provider.github"
                },
                "github_membership.org_membership": {
                    "type": "github_membership",
                    "depends_on": [],
                    "primary": {
                        "id": "alphagov:jstandring-gds",
                        "attributes": {
                            "etag": "W/\"df26a41ec925b988cec3ad86ebca765c\"",
                            "id": "alphagov:jstandring-gds",
                            "role": "member",
                            "username": "jstandring-gds"
                        },
                        "meta": {},
                        "tainted": false
                    },
                    "deposed": [],
                    "provider": "provider.github"
                },
                "github_team_membership.team_membership.0": {
                    "type": "github_team_membership",
                    "depends_on": [],
                    "primary": {
                        "id": "2826127:jstandring-gds",
                        "attributes": {
                            "etag": "W/\"3335a9b68bc3469ffd225013093daab3\"",
                            "id": "2826127:jstandring-gds",
                            "role": "member",
                            "team_id": "2826127",
                            "username": "jstandring-gds"
                        },
                        "meta": {},
                        "tainted": false
                    },
                    "deposed": [],
                    "provider": "provider.github"
                },
                "github_team_membership.team_membership.1": {
                    "type": "github_team_membership",
                    "depends_on": [],
                    "primary": {
                        "id": "2826126:jstandring-gds",
                        "attributes": {
                            "etag": "W/\"f942191c220a2c0c4e1ed48536b5edf9\"",
                            "id": "2826126:jstandring-gds",
                            "role": "member",
                            "team_id": "2826126",
                            "username": "jstandring-gds"
                        },
                        "meta": {},
                        "tainted": false
                    },
                    "deposed": [],
                    "provider": "provider.github"
                },
                "github_team_membership.team_membership.2": {
                    "type": "github_team_membership",
                    "depends_on": [],
                    "primary": {
                        "id": "2826120:jstandring-gds",
                        "attributes": {
                            "etag": "W/\"30f0b826678039fc8155715614589684\"",
                            "id": "2826120:jstandring-gds",
                            "role": "member",
                            "team_id": "2826120",
                            "username": "jstandring-gds"
                        },
                        "meta": {},
                        "tainted": false
                    },
                    "deposed": [],
                    "provider": "provider.github"
                },
                "github_team_membership.team_membership.3": {
                    "type": "github_team_membership",
                    "depends_on": [],
                    "primary": {
                        "id": "2826125:jstandring-gds",
                        "attributes": {
                            "etag": "W/\"c2e0e332602d0605b2ba9d84b798592f\"",
                            "id": "2826125:jstandring-gds",
                            "role": "member",
                            "team_id": "2826125",
                            "username": "jstandring-gds"
                        },
                        "meta": {},
                        "tainted": false
                    },
                    "deposed": [],
                    "provider": "provider.github"
                },
                "github_team_membership.team_membership.4": {
                    "type": "github_team_membership",
                    "depends_on": [],
                    "primary": {
                        "id": "2915524:jstandring-gds",
                        "attributes": {
                            "etag": "W/\"13e6614eb940bbb1793cab0e55862a2a\"",
                            "id": "2915524:jstandring-gds",
                            "role": "member",
                            "team_id": "2915524",
                            "username": "jstandring-gds"
                        },
                        "meta": {},
                        "tainted": false
                    },
                    "deposed": [],
                    "provider": "provider.github"
                },
                "github_team_membership.team_membership.5": {
                    "type": "github_team_membership",
                    "depends_on": [],
                    "primary": {
                        "id": "2826122:jstandring-gds",
                        "attributes": {
                            "etag": "W/\"0e7be5aaced56c13ae7c9705123748ee\"",
                            "id": "2826122:jstandring-gds",
                            "role": "member",
                            "team_id": "2826122",
                            "username": "jstandring-gds"
                        },
                        "meta": {},
                        "tainted": false
                    },
                    "deposed": [],
                    "provider": "provider.github"
                }
            },
            "depends_on": []
        },
        {
            "path": [
                "root",
                "user_karlbaker02"
            ],
            "outputs": {},
            "resources": {
                "data.github_user.user": {
                    "type": "github_user",
                    "depends_on": [],
                    "primary": {
                        "id": "5422487",
                        "attributes": {
                            "avatar_url": "https://avatars2.githubusercontent.com/u/5422487?v=4",
                            "bio": "",
                            "blog": "",
                            "company": "",
                            "email": "",
                            "followers": "3",
                            "following": "4",
                            "gpg_keys.#": "0",
                            "gravatar_id": "",
                            "id": "5422487",
                            "location": "",
                            "login": "karlbaker02",
                            "name": "Karl Baker",
                            "public_gists": "3",
                            "public_repos": "13",
                            "site_admin": "false",
                            "ssh_keys.#": "2",
                            "ssh_keys.0": "ssh-rsa AAAAB3NzaC1yc2EAAAADAQABAAACAQCo6AI0U+VFs2dkrwNDMKcU7j5lhSPFDuboQrsGyC1tv8aUBlCSfVDaPRPT20lYANN7tFgQD9mKXaMlUd9bCJJFs7L3CbE+/kSQCE85rfPFDaTMb3/WzYzwMjDD05pRtvdBwmkS6o8IFA4Yyd29qahYhnrO3jexBIZnNdM4nWZCac+nX/8bWckPOGWIR7fTNWoS8C8tioiUDqa/ZflzGqA0NKv7M0I1kwKqHt25FHaqZxnGmnKEC9QIUGbS4cC1cJQ2AO3NqJGPWhb39QrZwvv+Juh9rU3vuohDfx7Xm1Lh8NMVf3+c1vNTcK+DvaGGLZJ20JUBXlRRFFviLo9eaaf5fHIn5bM9aKFwxoPZtlj73FQpv04bUJf/LlbnGgLeW+B6Pl2w2qFp3u5p5NtvPEnLLPm4ljiPsJwl6vdmZy/xLc8/Ze0xyOeMaENm9MFK8BykgBqXqmEsSntvryP2fp1LgwDOt9ufLpF+yLq6hXl/JKYDJZiCTUjpwSbO/GRbsf2PCjzcwLxKIru3QtR9IZmiopeYRbDvH6Zofs/4M4mQVlBv15CKthVSTwwvcb9vOQyRa2uRW6FkY//g04+2yXpU742Cuh0CgNUd1fJ/vO3kCO0Fup/m3M0B7Vsr4NE5/0XdZSXOd5sF9oB4uVh9vE7apD0+hGbeQHzXz5cRNn52KQ==",
                            "ssh_keys.1": "ssh-rsa AAAAB3NzaC1yc2EAAAADAQABAAACAQCqeUIJsHcR3We6lgpqhSkGZMn+JdkltVsDoTCzn2+X6jcHKWdL96n+FXiRl3pCDUmkDKiY4Dy9nwsFlRkL87zO/dN87hCVdWWuqNXrXVmhK3fV6C+ax0oYRpAfh7o79220YC/8jv/gODnTQt/UnsXI1Z1mtDBZ77dHWsoWv24WVOuLyDl7UQ5hMX+sKbopqtNEJQjMpwNZZFWzsbiiqaU52eNDuRJbQqFMYSPZyL884+QsITkDcD7/qV3QAzsmEcznDCD9d25z5z/nTO++wrCTjOGgphD2UtBsaRVZnJ94YDezAhxodX6s/Rz4EAsZnB9iQTRIbbWmjf9zj81D0vx4qxNX/RoQQYfqCf61WVLjnk1fRZw//XWThImKaytfH8jaXDreTp6ldVIcZoiIQEhC+0tZqgxBVE7CrFJ2s+vwHcLKaK3Pu7ebQfB9KyhJZte2mP3hDGAXbnSgurvvXPKodctBKMXrv8N74tktwiL52pS2T1KvGs0EYQhLRynFpufHyQny6hACrZjTxYNJO/xXCO9Mdnq/bJwImUH8tg3oTqaLOehC6FFKWkz8xNh/X0tpBH3j3IJBzEXrBI9ojnL9rjMlSPCJC/sVlHc0+32R4a4Vu4vjCr80R7rYaZ27AptAquI4tptgMQJEkUUL+vYho6tkEHiSrp/PA6E+7kEV5Q==",
                            "username": "karlbaker02"
                        },
                        "meta": {},
                        "tainted": false
                    },
                    "deposed": [],
                    "provider": "provider.github"
                },
                "github_membership.org_membership": {
                    "type": "github_membership",
                    "depends_on": [],
                    "primary": {
                        "id": "alphagov:karlbaker02",
                        "attributes": {
                            "etag": "W/\"31accd072a39f3b932adcf5916ea0dfd\"",
                            "id": "alphagov:karlbaker02",
                            "role": "member",
                            "username": "karlbaker02"
                        },
                        "meta": {},
                        "tainted": false
                    },
                    "deposed": [],
                    "provider": "provider.github"
                },
                "github_team_membership.team_membership.0": {
                    "type": "github_team_membership",
                    "depends_on": [],
                    "primary": {
                        "id": "2826122:karlbaker02",
                        "attributes": {
                            "etag": "W/\"c665b0b487853b827a3f94bab4371624\"",
                            "id": "2826122:karlbaker02",
                            "role": "member",
                            "team_id": "2826122",
                            "username": "karlbaker02"
                        },
                        "meta": {},
                        "tainted": false
                    },
                    "deposed": [],
                    "provider": "provider.github"
                },
                "github_team_membership.team_membership.1": {
                    "type": "github_team_membership",
                    "depends_on": [],
                    "primary": {
                        "id": "2826127:karlbaker02",
                        "attributes": {
                            "etag": "W/\"d283ded0b02ca338c1e5a31ddc23c573\"",
                            "id": "2826127:karlbaker02",
                            "role": "member",
                            "team_id": "2826127",
                            "username": "karlbaker02"
                        },
                        "meta": {},
                        "tainted": false
                    },
                    "deposed": [],
                    "provider": "provider.github"
                },
                "github_team_membership.team_membership.2": {
                    "type": "github_team_membership",
                    "depends_on": [],
                    "primary": {
                        "id": "2826126:karlbaker02",
                        "attributes": {
                            "etag": "W/\"3156e4d275c0c6030e98b75ddd6a3278\"",
                            "id": "2826126:karlbaker02",
                            "role": "member",
                            "team_id": "2826126",
                            "username": "karlbaker02"
                        },
                        "meta": {},
                        "tainted": false
                    },
                    "deposed": [],
                    "provider": "provider.github"
                },
                "github_team_membership.team_membership.3": {
                    "type": "github_team_membership",
                    "depends_on": [],
                    "primary": {
                        "id": "2826123:karlbaker02",
                        "attributes": {
                            "etag": "W/\"84a7d46e8f127796072f776c3067c26d\"",
                            "id": "2826123:karlbaker02",
                            "role": "member",
                            "team_id": "2826123",
                            "username": "karlbaker02"
                        },
                        "meta": {},
                        "tainted": false
                    },
                    "deposed": [],
                    "provider": "provider.github"
                },
                "github_team_membership.team_membership.4": {
                    "type": "github_team_membership",
                    "depends_on": [],
                    "primary": {
                        "id": "2826125:karlbaker02",
                        "attributes": {
                            "etag": "W/\"6e7d6b9dac2803d3396c9251d39d99ba\"",
                            "id": "2826125:karlbaker02",
                            "role": "member",
                            "team_id": "2826125",
                            "username": "karlbaker02"
                        },
                        "meta": {},
                        "tainted": false
                    },
                    "deposed": [],
                    "provider": "provider.github"
                },
                "github_team_membership.team_membership.5": {
                    "type": "github_team_membership",
                    "depends_on": [],
                    "primary": {
                        "id": "2915524:karlbaker02",
                        "attributes": {
                            "etag": "W/\"51f7130a5e481d0bd5cf542e766daeb7\"",
                            "id": "2915524:karlbaker02",
                            "role": "member",
                            "team_id": "2915524",
                            "username": "karlbaker02"
                        },
                        "meta": {},
                        "tainted": false
                    },
                    "deposed": [],
                    "provider": "provider.github"
                }
            },
            "depends_on": []
        },
        {
            "path": [
                "root",
                "user_kerrr"
            ],
            "outputs": {},
            "resources": {
                "data.github_user.user": {
                    "type": "github_user",
                    "depends_on": [],
                    "primary": {
                        "id": "1562584",
                        "attributes": {
                            "avatar_url": "https://avatars2.githubusercontent.com/u/1562584?v=4",
                            "bio": "",
                            "blog": "",
                            "company": "",
                            "email": "kerr.rainey@gmail.com",
                            "followers": "0",
                            "following": "0",
                            "gpg_keys.#": "0",
                            "gravatar_id": "",
                            "id": "1562584",
                            "location": "",
                            "login": "kerrr",
                            "name": "Kerr Rainey",
                            "public_gists": "0",
                            "public_repos": "0",
                            "site_admin": "false",
                            "ssh_keys.#": "1",
                            "ssh_keys.0": "ssh-rsa AAAAB3NzaC1yc2EAAAADAQABAAACAQClEO9KP57smJXSDiscW7iV6eZBBwDpmg4nQus7ssrUmaidhHTkDGET7Kk9wrrcHc8NIHrbk0KdCWO1AuV+oSJa85MNhRafhKPwexkxiidwbLBWq4+ZOE29lN40gtkEqG9chPcCGzAIcnXXitsihpVh9p5wfnrUC/T5bsPIu7yx1hhbNYH5AA+WNqC1U+nDwB+jyYhf4iqOA4cx9xQ/Z6K7M+HtLmUbb+8tYPXdHZOKGx6s3VC0DLkZu727QiW6B3yUxi1AuCCV4zGsVOIDC6iM16RNwv/cCfQcNdCBkBAw2ZvQtyJEkwcH8zaIvgHGdp/WaQKy/oE2wL2yEvozVgnKVqafbNfwFP/Ezal4mHyWRH8LmYMaA2lquVZudCL6/Cn/RhhpcQYTFsUzd3523HpNKu3IMetKZdwj3b8j98PLwgXApMVN04m/Fq/642ki9l9UGUVqGJxrUrVCFEJDZI+0NTU+ke77rLfHL2KIMqYAn7ogRFMMRXtgHf+khJ1MKZa8mbDgef+OWe4JahqjggIGHNWsvwWrU7Iop2SlfygXHN/CSoJtVxoZSpK35ehV9rDyxGuCsWAOdROMDzHuz2X008BW/8+kxMvHvT4kZD+Wjh/xsIKZ44pc+zP7WwE0mBuRSGSuASf3kjsV0mQnzcmjF1nnbx+pf7lx5ab8XAzREw==",
                            "username": "kerrr"
                        },
                        "meta": {},
                        "tainted": false
                    },
                    "deposed": [],
                    "provider": "provider.github"
                },
                "github_membership.org_membership": {
                    "type": "github_membership",
                    "depends_on": [],
                    "primary": {
                        "id": "alphagov:kerrr",
                        "attributes": {
                            "etag": "W/\"5d1fa630ac8fa88a0de7e288a331dc14\"",
                            "id": "alphagov:kerrr",
                            "role": "member",
                            "username": "kerrr"
                        },
                        "meta": {},
                        "tainted": false
                    },
                    "deposed": [],
                    "provider": "provider.github"
                },
                "github_team_membership.team_membership.0": {
                    "type": "github_team_membership",
                    "depends_on": [],
                    "primary": {
                        "id": "2826122:kerrr",
                        "attributes": {
                            "etag": "W/\"f27edb2c30363e831904b577184d671e\"",
                            "id": "2826122:kerrr",
                            "role": "member",
                            "team_id": "2826122",
                            "username": "kerrr"
                        },
                        "meta": {},
                        "tainted": false
                    },
                    "deposed": [],
                    "provider": "provider.github"
                },
                "github_team_membership.team_membership.1": {
                    "type": "github_team_membership",
                    "depends_on": [],
                    "primary": {
                        "id": "2826123:kerrr",
                        "attributes": {
                            "etag": "W/\"28c616c2833ddb7068ae2410be911171\"",
                            "id": "2826123:kerrr",
                            "role": "member",
                            "team_id": "2826123",
                            "username": "kerrr"
                        },
                        "meta": {},
                        "tainted": false
                    },
                    "deposed": [],
                    "provider": "provider.github"
                },
                "github_team_membership.team_membership.2": {
                    "type": "github_team_membership",
                    "depends_on": [],
                    "primary": {
                        "id": "2826125:kerrr",
                        "attributes": {
                            "etag": "W/\"2292ebc171ad7a8a3f198d5c1adb32de\"",
                            "id": "2826125:kerrr",
                            "role": "member",
                            "team_id": "2826125",
                            "username": "kerrr"
                        },
                        "meta": {},
                        "tainted": false
                    },
                    "deposed": [],
                    "provider": "provider.github"
                },
                "github_team_membership.team_membership.3": {
                    "type": "github_team_membership",
                    "depends_on": [],
                    "primary": {
                        "id": "2915524:kerrr",
                        "attributes": {
                            "etag": "W/\"da07b2bfac8f4b6171f3aa393282b6a0\"",
                            "id": "2915524:kerrr",
                            "role": "member",
                            "team_id": "2915524",
                            "username": "kerrr"
                        },
                        "meta": {},
                        "tainted": false
                    },
                    "deposed": [],
                    "provider": "provider.github"
                }
            },
            "depends_on": []
        },
        {
            "path": [
                "root",
                "user_mariaslo"
            ],
            "outputs": {},
            "resources": {
                "data.github_user.user": {
                    "type": "github_user",
                    "depends_on": [],
                    "primary": {
                        "id": "33223580",
                        "attributes": {
                            "avatar_url": "https://avatars3.githubusercontent.com/u/33223580?v=4",
                            "bio": "",
                            "blog": "",
                            "company": "",
                            "email": "",
                            "followers": "0",
                            "following": "0",
                            "gpg_keys.#": "0",
                            "gravatar_id": "",
                            "id": "33223580",
                            "location": "",
                            "login": "Mariaslo",
                            "name": "",
                            "public_gists": "0",
                            "public_repos": "3",
                            "site_admin": "false",
                            "ssh_keys.#": "1",
                            "ssh_keys.0": "ssh-rsa AAAAB3NzaC1yc2EAAAADAQABAAACAQCwQ4SPq8K6hKA6NuQ/fmQHbIPZzABJRapcSA2PDtAUOu6DpmwlCgM0yJhVi80pYNU+/ZtwHFuzPZ0est/2hZDYlTng7PNO3BOmLj4iLbJFaXMaSPBkZGMfP0aFqJ/wqw5JJtwCRdm3pBw0FfyrFgAETIBDSGphcJ6F7W3bAKTre7TY4vU37hFJm4jcnk9LBUXS3rS0IhDgri7weuKvcsfWT5f10/4JXwH9bwnvldwUmdmwGgOcgZrFr4rmLa/R2AAhzAbhCCH4YfQbw62lurKwIuufnq7KpDqoblpbDrf5uT0gzAkOv+Ck7BEO+pMoXhdmPgzIF8/5JwSNaYOtcLSXKhjoOmeSoRNmPaiCtjTjyjFd1LNR1+vTmx7LWExAlgp9mCkKymd4dy2cN4kU5Q9yIVVgNZfkwXGNT7D0dcw1rfb05A7ubUcv0bM73Oxu/b8PszMKx07Y175eEoPlcx1KYfwSrfQE/4E9cjj4aUaj/4nkfQRad6mExNqLaC4aPWj2CMO3HPkLhdeGIgmXAIH7sY/wl0kEVL+brKNeBfxlozuzfqJh4r5VQhw4dZTzXMIjgBKIbdbQBCJbls2LZtaCbZPbHVjyr7Y24Ke6nzvNSF5MkQcBaiPhX4AKwaHSp+p2lRTLzvp9ezncIeNWAGxWfAg3DGObcHhWKDBjuSHqWQ==",
                            "username": "Mariaslo"
                        },
                        "meta": {},
                        "tainted": false
                    },
                    "deposed": [],
                    "provider": "provider.github"
                },
                "github_membership.org_membership": {
                    "type": "github_membership",
                    "depends_on": [],
                    "primary": {
                        "id": "alphagov:Mariaslo",
                        "attributes": {
                            "etag": "W/\"da4b38d6aa5858be5fc5b856658efc99\"",
                            "id": "alphagov:Mariaslo",
                            "role": "member",
                            "username": "Mariaslo"
                        },
                        "meta": {},
                        "tainted": false
                    },
                    "deposed": [],
                    "provider": "provider.github"
                },
                "github_team_membership.team_membership": {
                    "type": "github_team_membership",
                    "depends_on": [],
                    "primary": {
                        "id": "2826124:mariaslo",
                        "attributes": {
                            "etag": "W/\"0e9ec653477e6034ea6c6cb77667574b\"",
                            "id": "2826124:mariaslo",
                            "role": "member",
                            "team_id": "2826124",
                            "username": "Mariaslo"
                        },
                        "meta": {},
                        "tainted": false
                    },
                    "deposed": [],
                    "provider": "provider.github"
                }
            },
            "depends_on": []
        },
        {
            "path": [
                "root",
                "user_matthewcullum_gds"
            ],
            "outputs": {},
            "resources": {
                "data.github_user.user": {
                    "type": "github_user",
                    "depends_on": [],
                    "primary": {
                        "id": "37868172",
                        "attributes": {
                            "avatar_url": "https://avatars0.githubusercontent.com/u/37868172?v=4",
                            "bio": "",
                            "blog": "",
                            "company": "",
                            "email": "",
                            "followers": "0",
                            "following": "0",
                            "gpg_keys.#": "1",
                            "gpg_keys.0": "xsFNBFsCgjQBEACcGLIHHMkBL5qD9LXfCM49exJ2F1y7qbxbQyGOO1vh4T/S0pSEnq+mSgRfN/Noj8zAteHxm00qAiilQOr5JGyIsf5z10gZDtA8BdSdkJIDI6FjVeHc35UDQI2sfgh/aUZUJe2a4Xfji/4hv6FnpVrTuRYLWpQ4H1m2QvdM3KN2YzJ3+130aMtxSmVutXHll5VsOaErUcEcXsYaTtHsBvas+RcEbi7OmPAc2DAUo2GrCGz6Ml2faF7SO+eJYGSxqRBkLLcl8eVPNow22EHb0zc8ZCxgLE2VmFx6JSnMnYbrqr4Nd3dTHLh1BP/jCekUSSzj1713PNrGgBql4nTC3zBAMMTqLpRfCr0J5uqpZ8n9ck0yTRPPXdcFpjImOqoKSyQVI00kQUdJvGx81QOhovkoSY8LF1DgfzGcBlPhkP1R5jOtLXPWd+CkgcRuyfGK/tHWizPewepyfVI1zo2ImMAIucxQ2ByRq6HJi/ABexsj9WkR5YIQ1+rGvYx0vOgVTgfZeNtc6IR5GQJnTph1N0gt91KDby1YPIEN7DJmTlOS3CsBaiU3aMZKy+VR9smiqYCIS9nRD61H20Ot3Ca8SluYbRs3LnXDx09wEMAbxAPRILwIL4KH/NLxsuGXGsXuGEpHXdqw3uBRpCmQwG09jhvr1iOfqYZ7GhXj0TTBROvOYQARAQAB",
                            "gravatar_id": "",
                            "id": "37868172",
                            "location": "",
                            "login": "matthewcullum-gds",
                            "name": "",
                            "public_gists": "0",
                            "public_repos": "1",
                            "site_admin": "false",
                            "ssh_keys.#": "2",
                            "ssh_keys.0": "ssh-rsa AAAAB3NzaC1yc2EAAAADAQABAAABAQC3M+ZIo+u/zVY0ahYNYTiUo5PX+IB+2fSKXMSH/n8ujbejHsjZ6zEDDRsAv24znP3D7wAgLdvNwWAp1we4KPMjav+VRwcxiPUrJ5B2yPuVT8tLXRABklEC3ibh8KHyU0S+AiQTiGqBmBTuy3rr4OvysHe2dDjrQYhxFNCRQsH5nHmItGwojZrxoETIbNkVachg/XAgP5UP1ycTGvTX5I4cUziZsxvIDtTGG/Htui0KXtaVOAv06mqzXhXCSX2SU5XaoQX4qd4hIr3HcZNMC9kZ0YCqz3EBkzg5Tyygsw5eTKzZg2uLCpF5IToWPJ0WXd+ws7aJDx1FmCcMpRIwOKX5",
                            "ssh_keys.1": "ssh-rsa AAAAB3NzaC1yc2EAAAADAQABAAACAQC27LQa2xhYlAy9a7hnvB3Fa5i8aYV3YoKuhQehuRaLhsA2DLT5dpC1xpAXMVnRuPkgrkgauG+bi5plkuvtiM112a142EOWETot+VHWJthbATw+oWc354amYzrEb3BnW1mbO60ZivoRZ7Gx6vwKv33SQoMa+vCWZ6iXOMs7o4bgWJjQtvb3vdasUzePBgL0cQvp6YBpG11TJlgsq1IIs7K6VeOMTtk8TEA0f/RhyG/xIHaRtT6RIvWICgdkttHQavJds25plLHlXGRF1YYyHGospgRdSgqhhBVRqKYY7kfILSqfR7IjUh9mh44V2P7d1WdRSW1f36YgKn3kLiGWI4DQs9ZnDI78FEUGf7ZwbHPeeKpxHj6ndM1Njl7HJU7+LJ+kL6eI1FVfH2FTB1uACRd4t+4VV+D5ypSa1KE1s/TtqCGoLymw5DBIVgRvzqiLnUcbJTSpP3MCp2dPBfyx3bJw9YzR4y/YCYFEWA9u5v1U8LJK8fO+tk6rgvFtLtlehXMEYzTOXLZGkcudnt7tIhxlSWPmHhDkQdYuni5xLChb3Ee/x6JQTeLIPYTiES2sH5FeAzkckecqONlEJMqh/3vJHLGai+NmFklkG84Ifz5d3OCQ9kvHd7ywxGq0B4wSgWbPmYa6iCsYdY9DhAZ5jurUkVkU3I8uGhdY0nfLd64S+w==",
                            "username": "matthewcullum-gds"
                        },
                        "meta": {},
                        "tainted": false
                    },
                    "deposed": [],
                    "provider": "provider.github"
                },
                "github_membership.org_membership": {
                    "type": "github_membership",
                    "depends_on": [],
                    "primary": {
                        "id": "alphagov:matthewcullum-gds",
                        "attributes": {
                            "etag": "W/\"3078f247c2f19d6b1e14f7c00a934bc3\"",
                            "id": "alphagov:matthewcullum-gds",
                            "role": "member",
                            "username": "matthewcullum-gds"
                        },
                        "meta": {},
                        "tainted": false
                    },
                    "deposed": [],
                    "provider": "provider.github"
                },
                "github_team_membership.team_membership.0": {
                    "type": "github_team_membership",
                    "depends_on": [],
                    "primary": {
                        "id": "2826127:matthewcullum-gds",
                        "attributes": {
                            "etag": "W/\"6fafb6b7da89238dfdd8a8777aac1322\"",
                            "id": "2826127:matthewcullum-gds",
                            "role": "member",
                            "team_id": "2826127",
                            "username": "matthewcullum-gds"
                        },
                        "meta": {},
                        "tainted": false
                    },
                    "deposed": [],
                    "provider": "provider.github"
                },
                "github_team_membership.team_membership.1": {
                    "type": "github_team_membership",
                    "depends_on": [],
                    "primary": {
                        "id": "2826126:matthewcullum-gds",
                        "attributes": {
                            "etag": "W/\"5f999ab9d9507b8d188585107054c896\"",
                            "id": "2826126:matthewcullum-gds",
                            "role": "member",
                            "team_id": "2826126",
                            "username": "matthewcullum-gds"
                        },
                        "meta": {},
                        "tainted": false
                    },
                    "deposed": [],
                    "provider": "provider.github"
                },
                "github_team_membership.team_membership.2": {
                    "type": "github_team_membership",
                    "depends_on": [],
                    "primary": {
                        "id": "2826120:matthewcullum-gds",
                        "attributes": {
                            "etag": "W/\"f7593bbf501375c3d6ed22661412a14c\"",
                            "id": "2826120:matthewcullum-gds",
                            "role": "member",
                            "team_id": "2826120",
                            "username": "matthewcullum-gds"
                        },
                        "meta": {},
                        "tainted": false
                    },
                    "deposed": [],
                    "provider": "provider.github"
                },
                "github_team_membership.team_membership.3": {
                    "type": "github_team_membership",
                    "depends_on": [],
                    "primary": {
                        "id": "2826125:matthewcullum-gds",
                        "attributes": {
                            "etag": "W/\"6ce008470575a2e48395e32f25f047a5\"",
                            "id": "2826125:matthewcullum-gds",
                            "role": "member",
                            "team_id": "2826125",
                            "username": "matthewcullum-gds"
                        },
                        "meta": {},
                        "tainted": false
                    },
                    "deposed": [],
                    "provider": "provider.github"
                },
                "github_team_membership.team_membership.4": {
                    "type": "github_team_membership",
                    "depends_on": [],
                    "primary": {
                        "id": "2915524:matthewcullum-gds",
                        "attributes": {
                            "etag": "W/\"b0fda3469adb99759b421b8ad2da1195\"",
                            "id": "2915524:matthewcullum-gds",
                            "role": "member",
                            "team_id": "2915524",
                            "username": "matthewcullum-gds"
                        },
                        "meta": {},
                        "tainted": false
                    },
                    "deposed": [],
                    "provider": "provider.github"
                },
                "github_team_membership.team_membership.5": {
                    "type": "github_team_membership",
                    "depends_on": [],
                    "primary": {
                        "id": "2826122:matthewcullum-gds",
                        "attributes": {
                            "etag": "W/\"df08758b81cd616395d7a04bdc5d7728\"",
                            "id": "2826122:matthewcullum-gds",
                            "role": "member",
                            "team_id": "2826122",
                            "username": "matthewcullum-gds"
                        },
                        "meta": {},
                        "tainted": false
                    },
                    "deposed": [],
                    "provider": "provider.github"
                }
            },
            "depends_on": []
        },
        {
            "path": [
                "root",
                "user_mhussein_gds"
            ],
            "outputs": {},
            "resources": {
                "data.github_user.user": {
                    "type": "github_user",
                    "depends_on": [],
                    "primary": {
                        "id": "19909719",
                        "attributes": {
                            "avatar_url": "https://avatars1.githubusercontent.com/u/19909719?v=4",
                            "bio": "",
                            "blog": "",
                            "company": "",
                            "email": "",
                            "followers": "0",
                            "following": "0",
                            "gpg_keys.#": "0",
                            "gravatar_id": "",
                            "id": "19909719",
                            "location": "",
                            "login": "mhussein-gds",
                            "name": "",
                            "public_gists": "0",
                            "public_repos": "0",
                            "site_admin": "false",
                            "ssh_keys.#": "2",
                            "ssh_keys.0": "ssh-rsa AAAAB3NzaC1yc2EAAAADAQABAAACAQC7CL5V1uvQffPpEFARkrAPjq6NRENoGSuHnXs36SnG+D1ep7wEAGiv9q99E0iHMrCiq0F9Oue9SwtOOKqfznwASk3Q+UrFaYtLD9SF1a/Kd02F7zeugRNMwYMpRzWsbUe7r5YhKhv4SNVotuEsQQoStVqqy/MeR0otr4psgpHMY7Ev/frUcJYI9SH7u/iYs2CnhJYfHY0y9eTenQeAlx70HJSR3hPCthr1FYbsBS0GzI8fU2G4OkdEt8TCVBqO6xAAQvey9pBBZrVJM8REti2XmlxHRo0/s5p3BdqKBs0xwD1E5fzNCHI8z2OmeQIfzJxvmPAmoTuB5DfhUvmt9oRKjOHn68i4FvbyrNeuD1ql6yjnxkIEqIOA2KZLYRtWfJNd7OmdzjYAPPD/q0YnUtTtxA0rkS5TUh3qVOUVof598kDqUaXEIPy1qtB5vercB8XDBSW88G9pC9lH4N3mtodQyz7hDRqWWvHH4J+ggrG8ZVQzgrSE+fsK6SA1iEPxlaxil34jF+CaLQ0aKiPzG/1qVfRyQovJyQYBdboMq4se254dRffimbV5gsTlcBSgu+gEek8x12AqtnHyRgzpfejvi4yKVlUG71QorGVM3WXRk0I+DV9jt9fZg74rm0alMkxdRNytFfqTA13BQxqdoOiPnSUtnnIarPtjArdSFE5Lpw==",
                            "ssh_keys.1": "ssh-rsa AAAAB3NzaC1yc2EAAAADAQABAAABAQC7RhCX0t0qHismwBxQscgZcEc+rujRrXQ94x7Y/aMkS2DL7Tcd2vpJwkLDhl7RWRMlqfZqXtiYGKMhmHBQq41oDzaHTQB4Uv7WUMvh9NaTuf/x6bsmCJFmdSzexd1GFLjRHGBBcSCl4y+j8U575Db907IK0WsYXziiCHI2OvUUf56FcU830DTnOGjMSRMqayz9zT/1VygEE0mOu7VfwEfgCntbAjObG5liZBkpy03y5/n2TpsMAMIwVoYwyElgmu/LDF+LGsY9JcpUrt5LXxRSQZLfLGpFTW1eZLldzEUp7RXxKTjv3TMyCoXLhjDseKvD3quVVlT54uNlXup5R1nH",
                            "username": "mhussein-gds"
                        },
                        "meta": {},
                        "tainted": false
                    },
                    "deposed": [],
                    "provider": "provider.github"
                },
                "github_membership.org_membership": {
                    "type": "github_membership",
                    "depends_on": [],
                    "primary": {
                        "id": "alphagov:mhussein-gds",
                        "attributes": {
                            "etag": "W/\"aca7e5a2d9bc6d21a2c3725f25d91229\"",
                            "id": "alphagov:mhussein-gds",
                            "role": "member",
                            "username": "mhussein-gds"
                        },
                        "meta": {},
                        "tainted": false
                    },
                    "deposed": [],
                    "provider": "provider.github"
                },
                "github_team_membership.team_membership": {
                    "type": "github_team_membership",
                    "depends_on": [],
                    "primary": {
                        "id": "2826125:mhussein-gds",
                        "attributes": {
                            "etag": "W/\"876f86751ee904cc46c55e59592f7e2f\"",
                            "id": "2826125:mhussein-gds",
                            "role": "member",
                            "team_id": "2826125",
                            "username": "mhussein-gds"
                        },
                        "meta": {},
                        "tainted": false
                    },
                    "deposed": [],
                    "provider": "provider.github"
                }
            },
            "depends_on": []
        },
        {
            "path": [
                "root",
                "user_mikieet"
            ],
            "outputs": {},
            "resources": {
                "data.github_user.user": {
                    "type": "github_user",
                    "depends_on": [],
                    "primary": {
                        "id": "5113818",
                        "attributes": {
                            "avatar_url": "https://avatars0.githubusercontent.com/u/5113818?v=4",
                            "bio": "",
                            "blog": "",
                            "company": "",
                            "email": "",
                            "followers": "0",
                            "following": "0",
                            "gpg_keys.#": "0",
                            "gravatar_id": "",
                            "id": "5113818",
                            "location": "",
                            "login": "mikieet",
                            "name": "Michael Thomas",
                            "public_gists": "0",
                            "public_repos": "21",
                            "site_admin": "false",
                            "ssh_keys.#": "1",
                            "ssh_keys.0": "ssh-rsa AAAAB3NzaC1yc2EAAAADAQABAAACAQDVHjywHqozX6offnI4QDcB9xvCka90xKMltuabMAdlqTlAO4YsnvDG/58/5W9J03/GE256PjdvtSwUObKqtvlw814tk9e5G3QJgH+Al8ZP+rN5yBGguUXgNLPZtK2RcPoPBOYyO///ph7ID2kt3GCK92EiFOBGRGPB5KuiXBomvlJARf64kxkIH8kJVXjknCGQo54IOL9e4rXmlKZuGQ6+tCnUBnp9IFzkxPgo50Qv/wmLbhAh6n3CsKO4uugyuIiYIrrjlqSREp9KBZs3AAB6P0FD3Ee4avc8SKANNNBmDJ82v9cn6KMBXHZDz0qdskXUZmbN9f3VyY7XpqK0No0rSbv5ovLpBMTzFVXyMAQJxoEZ3oMrHbHwc+2nz/5CR756qvwq4qbD6cNbpbRgNWYGS0hOUC+AXgfdrVoqM8zxV1Ax2oyuC28C7+AP/ox1W9eDl2QPS3IarqDmPJiWutjD5x3LoI4F8M2HCPIAHpPjmNBnabeUMPJqY9h/4dYG7za7u1axyJhLVkbRDCNffTQrv0SPqBL4xDfT1j5ZC00gGvRZhBf32oA7O+RbYMsIrdCGzt5HfVqjLs4QpRkRwQuDIrweEsznAUgVrTsf0WbFIsCqR4kuPgz9o29PmGG+9GjZRDV3G8fe8zsAWpxcPdsZeKiZh40ansvGxNv/7CZYWw==",
                            "username": "mikieet"
                        },
                        "meta": {},
                        "tainted": false
                    },
                    "deposed": [],
                    "provider": "provider.github"
                },
                "github_membership.org_membership": {
                    "type": "github_membership",
                    "depends_on": [],
                    "primary": {
                        "id": "alphagov:mikieet",
                        "attributes": {
                            "etag": "W/\"71f80138702d26ee975a9d630448bc59\"",
                            "id": "alphagov:mikieet",
                            "role": "member",
                            "username": "mikieet"
                        },
                        "meta": {},
                        "tainted": false
                    },
                    "deposed": [],
                    "provider": "provider.github"
                },
                "github_team_membership.team_membership.0": {
                    "type": "github_team_membership",
                    "depends_on": [],
                    "primary": {
                        "id": "2826122:mikieet",
                        "attributes": {
                            "etag": "W/\"0660ef8dddb14e232aa547a45d05bd70\"",
                            "id": "2826122:mikieet",
                            "role": "member",
                            "team_id": "2826122",
                            "username": "mikieet"
                        },
                        "meta": {},
                        "tainted": false
                    },
                    "deposed": [],
                    "provider": "provider.github"
                },
                "github_team_membership.team_membership.1": {
                    "type": "github_team_membership",
                    "depends_on": [],
                    "primary": {
                        "id": "2826123:mikieet",
                        "attributes": {
                            "etag": "W/\"efe705b3b2a060f2a7be9c61c558d438\"",
                            "id": "2826123:mikieet",
                            "role": "member",
                            "team_id": "2826123",
                            "username": "mikieet"
                        },
                        "meta": {},
                        "tainted": false
                    },
                    "deposed": [],
                    "provider": "provider.github"
                },
                "github_team_membership.team_membership.2": {
                    "type": "github_team_membership",
                    "depends_on": [],
                    "primary": {
                        "id": "2826125:mikieet",
                        "attributes": {
                            "etag": "W/\"b7cd3754116a6d235d1af5a1b8f1619c\"",
                            "id": "2826125:mikieet",
                            "role": "member",
                            "team_id": "2826125",
                            "username": "mikieet"
                        },
                        "meta": {},
                        "tainted": false
                    },
                    "deposed": [],
                    "provider": "provider.github"
                },
                "github_team_membership.team_membership.3": {
                    "type": "github_team_membership",
                    "depends_on": [],
                    "primary": {
                        "id": "2915524:mikieet",
                        "attributes": {
                            "etag": "W/\"b09b7000937751fa64785d1873e2a0c7\"",
                            "id": "2915524:mikieet",
                            "role": "member",
                            "team_id": "2915524",
                            "username": "mikieet"
                        },
                        "meta": {},
                        "tainted": false
                    },
                    "deposed": [],
                    "provider": "provider.github"
                }
            },
            "depends_on": []
        },
        {
            "path": [
                "root",
                "user_mmhmm"
            ],
            "outputs": {},
            "resources": {
                "data.github_user.user": {
                    "type": "github_user",
                    "depends_on": [],
                    "primary": {
                        "id": "961422",
                        "attributes": {
                            "avatar_url": "https://avatars1.githubusercontent.com/u/961422?v=4",
                            "bio": "",
                            "blog": "",
                            "company": "",
                            "email": "",
                            "followers": "6",
                            "following": "1",
                            "gpg_keys.#": "1",
                            "gpg_keys.0": "xsFNBFfqanMBEADh1uY0x0l+HzeyPr2y43gNUsvf1uU28vYu702+V7+JeyAnU+vBkEFHxzB5K43IP1FDrCAQdG2Y3ELoJ4ZFohppFl3fDgg5TBMx6MNQi8OzXfyNEb8yn/FkLXCZbhTOOKV0kfGa7/fHYDkNzgMAuWG8oV4sEdYlBv6zqvOMLSz3Wsx3/HRiLs8ukrrIPDcjD0y3axCepaecg6PARsJwzzVeyUTSZbGTKom8XuMiqbnpG3JR4tsvE+pQgrLYScu1AI/P49biOceldvfVaHXFYsq6gKsUTAcNqYtZ5R5BxDtl518Oiio0R3FLmZLys1dYU89nBJitMTMd3mjipHlB0KDg2c0O/BUBZmM/GBW37SdOfo3OgpUMCEci6TSK/muUgZFGznNhcbuJo1wg9VYTGyLGTpI2O9+tTBT39wJLFSxNugMAvNU6Y2xQIzqIRTm79l+GyXSt9XKGWHk8Wd1UOEhGImwSD/9bEc/jC0BbPnGbF41X+Vg4ydRDJ4CSEFpMgvaAj2qpMU7JGDv2le1YZBythGVn3NJYcGTe0G6vtOx6Qn85qP4yN2YRXwDFu67cxleJOBc2sx57Iln/FAS9tbVUf/ck+aATklWlm7WJdEMDZBDat50wm6vUupg2XplJb1qsnMOM5e6ZHLCPY4iCGeQsXdJma3Aw9r05QeHqkxbJIwARAQAB",
                            "gravatar_id": "",
                            "id": "961422",
                            "location": "",
                            "login": "mmhmm",
                            "name": "",
                            "public_gists": "1",
                            "public_repos": "5",
                            "site_admin": "false",
                            "ssh_keys.#": "1",
                            "ssh_keys.0": "ssh-rsa AAAAB3NzaC1yc2EAAAADAQABAAACAQDozlcEWGrHNLgSzpAs6AAQBHMm8Bpr5NaxFWbQylrDJ+QWBRrWCOhic1mEuhDEC/m40EkbOU36FYqXBNE/F7U96XUvRpTLChgaRlukXFw9V0XT087EDVSPguOzauXFkK+JDsCup4A6kfFnoZM2HXdsIyz/BVOQaiHSYj+o5xAMYn+iSDWi3wN4JirbGNwFAWmm5NyJ2xXs3+Xw0lzNeU412ASB+FhXZ/n9knqWznrloViBGNAvJyGsAOJLGLMfPCUN1wT0HyBMYrFa9E8VvNmezJULJPQKieqjbsW8PpIjfsgvus7LgP25ZY+KaLDOQsoCgEMMebKJjJwYW0EZs7LDt+vPkCv8Hg2050Ni3I/+FAOpg+X6G9+RErqb4RDCPxWRp60RXE5Jp6xiq1Z39KzoOUCczCSyScuUxATpv3d0aOOMUvLz/jjkLZrDYTENtcbba5X+3Gcxdq9kFRdsxzt5v2xUFwKySqm98qPD4YdJybv6j3un9qIgzyOBmjtxFRc1bleA1+RV4mlvt2xWni/a6tPwWCXT6/QgWbJ9mY8iHNLgGzC5WmfqtKb5nfd6UDGauIuDx0lwcXaM7Rbq6B4AlEx+m3P2Vv2xaM4E0wCIBiq1A3BCHRQ4ATdTLTGEUDhRJ1vP8L6pTzE1BpyscOf4J1+p+wiQ8xQdhDAFT5K6aw==",
                            "username": "mmhmm"
                        },
                        "meta": {},
                        "tainted": false
                    },
                    "deposed": [],
                    "provider": "provider.github"
                },
                "github_membership.org_membership": {
                    "type": "github_membership",
                    "depends_on": [],
                    "primary": {
                        "id": "alphagov:mmhmm",
                        "attributes": {
                            "etag": "W/\"243e5e04ac31b77ca4c29b85ab086aa0\"",
                            "id": "alphagov:mmhmm",
                            "role": "member",
                            "username": "mmhmm"
                        },
                        "meta": {},
                        "tainted": false
                    },
                    "deposed": [],
                    "provider": "provider.github"
                },
                "github_team_membership.team_membership.0": {
                    "type": "github_team_membership",
                    "depends_on": [],
                    "primary": {
                        "id": "2826127:mmhmm",
                        "attributes": {
                            "etag": "W/\"de422ae3862e4516225bac927fdf8321\"",
                            "id": "2826127:mmhmm",
                            "role": "member",
                            "team_id": "2826127",
                            "username": "mmhmm"
                        },
                        "meta": {},
                        "tainted": false
                    },
                    "deposed": [],
                    "provider": "provider.github"
                },
                "github_team_membership.team_membership.1": {
                    "type": "github_team_membership",
                    "depends_on": [],
                    "primary": {
                        "id": "2826126:mmhmm",
                        "attributes": {
                            "etag": "W/\"743ce2f79053ae4f9d0cc270ffd01141\"",
                            "id": "2826126:mmhmm",
                            "role": "member",
                            "team_id": "2826126",
                            "username": "mmhmm"
                        },
                        "meta": {},
                        "tainted": false
                    },
                    "deposed": [],
                    "provider": "provider.github"
                },
                "github_team_membership.team_membership.2": {
                    "type": "github_team_membership",
                    "depends_on": [],
                    "primary": {
                        "id": "2826120:mmhmm",
                        "attributes": {
                            "etag": "W/\"74f9063d5cded47d2ba367f91acd8ba7\"",
                            "id": "2826120:mmhmm",
                            "role": "member",
                            "team_id": "2826120",
                            "username": "mmhmm"
                        },
                        "meta": {},
                        "tainted": false
                    },
                    "deposed": [],
                    "provider": "provider.github"
                },
                "github_team_membership.team_membership.3": {
                    "type": "github_team_membership",
                    "depends_on": [],
                    "primary": {
                        "id": "2826125:mmhmm",
                        "attributes": {
                            "etag": "W/\"af5bb75c4431e9809f249798eb0f02eb\"",
                            "id": "2826125:mmhmm",
                            "role": "member",
                            "team_id": "2826125",
                            "username": "mmhmm"
                        },
                        "meta": {},
                        "tainted": false
                    },
                    "deposed": [],
                    "provider": "provider.github"
                },
                "github_team_membership.team_membership.4": {
                    "type": "github_team_membership",
                    "depends_on": [],
                    "primary": {
                        "id": "2915524:mmhmm",
                        "attributes": {
                            "etag": "W/\"f61568d80d70c6f23363b1b751dc9ede\"",
                            "id": "2915524:mmhmm",
                            "role": "member",
                            "team_id": "2915524",
                            "username": "mmhmm"
                        },
                        "meta": {},
                        "tainted": false
                    },
                    "deposed": [],
                    "provider": "provider.github"
                },
                "github_team_membership.team_membership.5": {
                    "type": "github_team_membership",
                    "depends_on": [],
                    "primary": {
                        "id": "2826122:mmhmm",
                        "attributes": {
                            "etag": "W/\"b6544da7f7a8e6bdbaae1d6a6bdf8bf1\"",
                            "id": "2826122:mmhmm",
                            "role": "member",
                            "team_id": "2826122",
                            "username": "mmhmm"
                        },
                        "meta": {},
                        "tainted": false
                    },
                    "deposed": [],
                    "provider": "provider.github"
                }
            },
            "depends_on": []
        },
        {
            "path": [
                "root",
                "user_nacnudus"
            ],
            "outputs": {},
            "resources": {
                "data.github_user.user": {
                    "type": "github_user",
                    "depends_on": [],
                    "primary": {
                        "id": "3522552",
                        "attributes": {
                            "avatar_url": "https://avatars1.githubusercontent.com/u/3522552?v=4",
                            "bio": "",
                            "blog": "https://www.linkedin.com/in/duncangarmonsway/",
                            "company": "Government Data Service @openregister",
                            "email": "nacnudus@gmail.com",
                            "followers": "39",
                            "following": "3",
                            "gpg_keys.#": "1",
                            "gpg_keys.0": "xsBNBFoyrZkBCACYWhz2kIN0EREUXz2raUyKtV1FXZrqGW7C8uBbm9W7GNM33Lh4vB1Xl9bGTfc8BFLdVzHJJfO2Q+rm0XU20TWb6Fc9WC/3LpConhq93kyFqOqY+NjG4R4qasBpGp+ZWq8incfUxs2VCyJWsOBreVeKRepNBnG9nMiBdFjIrTMhHfYWeOqcM0SoqIm4aycgk9Iqd3OwSLB/VQbqnaKVAle/VxDKYUuLjk89cuPlj2BIMlOGGGeMrCjRZL7uLxxzwEfgtu4nmiua8GYnpWo8H8PDUXtzXQ/wae5AdnOSrZkN8rgw/X+RdvQabz4dw2NZOni5qqex4n9rxThw5kR7ZcvRABEBAAE=",
                            "gravatar_id": "",
                            "id": "3522552",
                            "location": "London",
                            "login": "nacnudus",
                            "name": "Duncan Garmonsway",
                            "public_gists": "13",
                            "public_repos": "75",
                            "site_admin": "false",
                            "ssh_keys.#": "4",
                            "ssh_keys.0": "ssh-rsa AAAAB3NzaC1yc2EAAAADAQABAAACAQDPCBD1lMckF5EmWevpN3/5+LtLnqjLhK4Bjisv8U10H2BlqVBPCu0lYwmFiLua4qg/GoZjgfatSvItW0RthVOPKE6lCsJ0TwoaNlL5xnDvU/oXhV+As3t65hKl2GqvY6+4G62Al81P/0BNkPmpVHlvn8+90MQQgDOjZn8MsxI7lQkdj3MIrjuCgDE8tPHVuB4TIFflKL+hfMXfpM9TNJARU4T+edSCuFylPgopcV/NocSISamN03jyieye5C1i+bNYtew+Ca5epWExrE3a2mzEdmLqWA6/4AIeAVcWzitVFYfCU9QdQNzh3gCpOkCQV6EqD6iq3CspLZ2Y71UTyTuDMRCaKjqrTzZGoVraKF2GAfaXTl98EbGDtgaJZVjRwwdZd2bSd0BIiuEZdj0xejPVuVvxceXARqTCtLMbe5cdQwygkK3z1q6ATwhubvM4Dcrys2AVVKuIOYTj/wKJdpGTsHxfaVvRx+rw4/lvO9+Nk/a09GINVZany2w7O22HlyRGeuyMTSzf8dn2rmVL0nzCaIwVlMqxOIOskLb8JzaxLJWVOq6WYwHgCOdibMkaRbu+6ABLUVqDItIW1mMT1moDOKBD7btLiY06RoHn/HEV+tZodRN0A+yBUnVTgubKmyyAPE1TlyNPksR7QKpwWzl6RUpwL4nKMBklsBBtDHljYw==",
                            "ssh_keys.1": "ssh-rsa AAAAB3NzaC1yc2EAAAADAQABAAACAQDB7TLCiAFVgL6dR4jHWdgfHaFJBLVX3X33lRIdP1btbaOiVmf8qKWWGWo8jC2hjkH+CIQJgSOusIPmM7xp0yYkWRl/NvLq4xxu4IIIcl5wrqennL7mS5KeURpVaz1mZ3oV1wjtWLGzNxqxQEc21dicbTlDIepondxi5pQmkHzmzTKrjtNiFDfVYKDNuYB6Leiy/n1UdQfAhTDJSksL/y5pCzsIww5RtYmrX1DVDjvNqnG0hxlU1xhn8IeySpLisFVZCJ7/vPddlOkbvYRvgGPOqyp69epRkmYX7f/zS9YQqSQSXYpDIoiXs34REKNuOmniHG/KHzVh1T5U1OcQcxc9FzjlOIaaLr3cV54K1fMLTJy1DYEBUGM7BJo5n77BzfLzVd039xrvwnZX0wp94APpCMIwkKaM+XqsiQgeVFz3q8qETQOb571NXv2/TodITno5dEJMxb9vjxdZRaQ84hzDVxtXVrmmYMpQS+h0Qkp3ovdDSiWbbNv65Mo8x8TKaY5oYAtb/oA7iOSxYzAXzpXKfn8smUUcrAhsc96GdIuB6SeUcI2QA9JIOS5zCn1sXHvfDZQJK/IHjTxuwuGAZabOzonSQPjNMRXDdVSsfxnpBHwS+ekB+064I2AQ9Aaj8RfamC3kfsJRbeTq85+XlFpAU9nJh3w+pUzmXb/Gday3Yw==",
                            "ssh_keys.2": "ssh-rsa AAAAB3NzaC1yc2EAAAADAQABAAABAQDB0PlsuliBlJW9gvLLooPfo4ITRiDd3apUNjTPYp3kxT68nxigpOW3qgrvA+oXtMDvZsTO++12IbXYoAg8TkX2treolcVY7Rx4UMQ+eVdvgIWZDYvcFcqdgQfiZhuuz8S2nf+ebjtSGANfPQmkzUy1q0ygT6fSKNHWViytWX2zO9ecbk+elWS931TbfJSQrh848W/elDp1DT8WJy9c3Q/iGJXS0J0TVGjRpauX6eiAhuXa+6N9PxzGKk7iTIuauZFGZsH5OgOxKGplWE8TtuY5Wlg6qfLLQ6OdgNcCzjN0EvGb8rLovkdEft05f7SpIJ7rkPotOcYVC12eKGRkjL5/",
                            "ssh_keys.3": "ssh-rsa AAAAB3NzaC1yc2EAAAADAQABAAACAQCzaJxDHHev+fRvvWAt5kg7bOXYFDmyXVEVJyjkAfykv5li1u/3CvNlwoK9iEgeTyhj593jeRJQRSdveOdIcMXwR8i0328eUOX3vAsl6dDjr9pdFdx09JvLUNqdY/8mLl9CQCXUrkj9RyfZAx3+OVfsCXWZlydhC7OYPvZkDW9z7XMMM2EXlOKfHRQlRmDj2KO+R+96VtN+mPXwzYbJYZvvvTw6bXgbGo3NTQfz7RuXiZMmXGgGboT0etlkdRS49Jz8nEVTWX8DRYpiFyfxXFxYElTeDc28EaOdy/8Ryu5aMMfOJsxdD7KwTSi4k/hbWbKhLi1XIVqcEcASgB3m+VbTflhYeqGUlykKhIOuE3YgnpCuwR5nzX99taWE8x9PEG+wb2N3gVf+jjjcKVvq4TFNZ0crArpvxs0tjCpNhT3EQs+RYNeL8RRjFty6gps6xGFnENRUsENNrTwyA8mJKWzO2LFzvLjASEjoXB6xRbl2nwgfwDDfsizZwaJaVvGAHM8klbegM9cjSFBoCxvxcZguft/gi4Q5cswY5zaOIFgxUsY93l0FFcF+vV03iQTNwzGntK74HaWNmblC7b6VPAlxzzeFljdsmT+RbWvfroo93IcwwvjkPbOR7e5ieBEOGD/mbh6bT/nTv1qhyp31GxHUUb49SnUCl6mT5skkCWQYZw==",
                            "username": "nacnudus"
                        },
                        "meta": {},
                        "tainted": false
                    },
                    "deposed": [],
                    "provider": "provider.github"
                },
                "github_membership.org_membership": {
                    "type": "github_membership",
                    "depends_on": [],
                    "primary": {
                        "id": "alphagov:nacnudus",
                        "attributes": {
                            "etag": "W/\"9b06dbbb8a92b3b75f852101d8abae73\"",
                            "id": "alphagov:nacnudus",
                            "role": "member",
                            "username": "nacnudus"
                        },
                        "meta": {},
                        "tainted": false
                    },
                    "deposed": [],
                    "provider": "provider.github"
                },
                "github_team_membership.team_membership.0": {
                    "type": "github_team_membership",
                    "depends_on": [],
                    "primary": {
                        "id": "2826122:nacnudus",
                        "attributes": {
                            "etag": "W/\"8b2a6f23b49520276d947c7276af94fb\"",
                            "id": "2826122:nacnudus",
                            "role": "member",
                            "team_id": "2826122",
                            "username": "nacnudus"
                        },
                        "meta": {},
                        "tainted": false
                    },
                    "deposed": [],
                    "provider": "provider.github"
                },
                "github_team_membership.team_membership.1": {
                    "type": "github_team_membership",
                    "depends_on": [],
                    "primary": {
                        "id": "2826123:nacnudus",
                        "attributes": {
                            "etag": "W/\"3007b2a5808e65c40eb85f95bca81e55\"",
                            "id": "2826123:nacnudus",
                            "role": "member",
                            "team_id": "2826123",
                            "username": "nacnudus"
                        },
                        "meta": {},
                        "tainted": false
                    },
                    "deposed": [],
                    "provider": "provider.github"
                },
                "github_team_membership.team_membership.2": {
                    "type": "github_team_membership",
                    "depends_on": [],
                    "primary": {
                        "id": "2826125:nacnudus",
                        "attributes": {
                            "etag": "W/\"f76fac70ffa3c7a4127524f373fb9083\"",
                            "id": "2826125:nacnudus",
                            "role": "member",
                            "team_id": "2826125",
                            "username": "nacnudus"
                        },
                        "meta": {},
                        "tainted": false
                    },
                    "deposed": [],
                    "provider": "provider.github"
                },
                "github_team_membership.team_membership.3": {
                    "type": "github_team_membership",
                    "depends_on": [],
                    "primary": {
                        "id": "2915524:nacnudus",
                        "attributes": {
                            "etag": "W/\"8c2e3d08fb151bf13f4c99f9174aad8d\"",
                            "id": "2915524:nacnudus",
                            "role": "member",
                            "team_id": "2915524",
                            "username": "nacnudus"
                        },
                        "meta": {},
                        "tainted": false
                    },
                    "deposed": [],
                    "provider": "provider.github"
                }
            },
            "depends_on": []
        },
        {
            "path": [
                "root",
                "user_parthagds"
            ],
            "outputs": {},
            "resources": {
                "data.github_user.user": {
                    "type": "github_user",
                    "depends_on": [],
                    "primary": {
                        "id": "45602210",
                        "attributes": {
                            "avatar_url": "https://avatars3.githubusercontent.com/u/45602210?v=4",
                            "bio": "",
                            "blog": "",
                            "company": "",
                            "email": "",
                            "followers": "0",
                            "following": "0",
                            "gpg_keys.#": "0",
                            "gravatar_id": "",
                            "id": "45602210",
                            "location": "",
                            "login": "parthagds",
                            "name": "",
                            "public_gists": "0",
                            "public_repos": "0",
                            "site_admin": "false",
                            "ssh_keys.#": "1",
                            "ssh_keys.0": "ssh-rsa AAAAB3NzaC1yc2EAAAADAQABAAABAQDZurYo9Z4M9vdXTidjbyPIr8eNNWygI+G+XvrurU8Czxuf7Z/Qmtl4NCRmw052oG5ODLj+kNUAowSNjaSP2n1GKPuUK9huzzlxykoI+pZEHQ7PE3VX9lKcioQizl9HMeHoLnCg42pZR4rsLmYQrv9ADwGwzhgTxIY95l0b+q4s50eoGCQ8reV/KpbrIMzW273tFOtByj14KMpDv2OUVLKmp/427qq4Zntgz+IjkkbLwIShs0hrxZgVsXANZJ7/kGpLAvJHSBhC+qh1At8sqLsQ3nqXb39gtisPCZG1/lpsqScnA0Kyjkm3H47B+Z5C9G3gsQ930tswXj3dYIxkOc5z",
                            "username": "parthagds"
                        },
                        "meta": {},
                        "tainted": false
                    },
                    "deposed": [],
                    "provider": "provider.github"
                },
                "github_membership.org_membership": {
                    "type": "github_membership",
                    "depends_on": [],
                    "primary": {
                        "id": "alphagov:parthagds",
                        "attributes": {
                            "etag": "W/\"f12dfa510ad8b0ece2aae93594a29e6e\"",
                            "id": "alphagov:parthagds",
                            "role": "member",
                            "username": "parthagds"
                        },
                        "meta": {},
                        "tainted": false
                    },
                    "deposed": [],
                    "provider": "provider.github"
                },
                "github_team_membership.team_membership.0": {
                    "type": "github_team_membership",
                    "depends_on": [],
                    "primary": {
                        "id": "2826122:parthagds",
                        "attributes": {
                            "etag": "W/\"e19b986d88f73209f8cf6fb4a1c60d6e\"",
                            "id": "2826122:parthagds",
                            "role": "member",
                            "team_id": "2826122",
                            "username": "parthagds"
                        },
                        "meta": {},
                        "tainted": false
                    },
                    "deposed": [],
                    "provider": "provider.github"
                },
                "github_team_membership.team_membership.1": {
                    "type": "github_team_membership",
                    "depends_on": [],
                    "primary": {
                        "id": "2826127:parthagds",
                        "attributes": {
                            "etag": "W/\"1e51fa5ab410fbd6591cbd4bbe9dbb49\"",
                            "id": "2826127:parthagds",
                            "role": "member",
                            "team_id": "2826127",
                            "username": "parthagds"
                        },
                        "meta": {},
                        "tainted": false
                    },
                    "deposed": [],
                    "provider": "provider.github"
                },
                "github_team_membership.team_membership.2": {
                    "type": "github_team_membership",
                    "depends_on": [],
                    "primary": {
                        "id": "2826126:parthagds",
                        "attributes": {
                            "etag": "W/\"41a5d99406652f643f3d3bb9091e8761\"",
                            "id": "2826126:parthagds",
                            "role": "member",
                            "team_id": "2826126",
                            "username": "parthagds"
                        },
                        "meta": {},
                        "tainted": false
                    },
                    "deposed": [],
                    "provider": "provider.github"
                },
                "github_team_membership.team_membership.3": {
                    "type": "github_team_membership",
                    "depends_on": [],
                    "primary": {
                        "id": "2826123:parthagds",
                        "attributes": {
                            "etag": "W/\"54b963bdd2dc31a6761552857f1e03ee\"",
                            "id": "2826123:parthagds",
                            "role": "member",
                            "team_id": "2826123",
                            "username": "parthagds"
                        },
                        "meta": {},
                        "tainted": false
                    },
                    "deposed": [],
                    "provider": "provider.github"
                },
                "github_team_membership.team_membership.4": {
                    "type": "github_team_membership",
                    "depends_on": [],
                    "primary": {
                        "id": "2826125:parthagds",
                        "attributes": {
                            "etag": "W/\"08fb24582abffbd1d2e47d7bfa6dabae\"",
                            "id": "2826125:parthagds",
                            "role": "member",
                            "team_id": "2826125",
                            "username": "parthagds"
                        },
                        "meta": {},
                        "tainted": false
                    },
                    "deposed": [],
                    "provider": "provider.github"
                },
                "github_team_membership.team_membership.5": {
                    "type": "github_team_membership",
                    "depends_on": [],
                    "primary": {
                        "id": "2915524:parthagds",
                        "attributes": {
                            "etag": "W/\"b18dc582a6fea25ea565e132a81c76ab\"",
                            "id": "2915524:parthagds",
                            "role": "member",
                            "team_id": "2915524",
                            "username": "parthagds"
                        },
                        "meta": {},
                        "tainted": false
                    },
                    "deposed": [],
                    "provider": "provider.github"
                }
            },
            "depends_on": []
        },
        {
            "path": [
                "root",
                "user_phantas"
            ],
            "outputs": {},
            "resources": {
                "data.github_user.user": {
                    "type": "github_user",
                    "depends_on": [],
                    "primary": {
                        "id": "464306",
                        "attributes": {
                            "avatar_url": "https://avatars0.githubusercontent.com/u/464306?v=4",
                            "bio": "",
                            "blog": "",
                            "company": "",
                            "email": "",
                            "followers": "2",
                            "following": "0",
                            "gpg_keys.#": "1",
                            "gpg_keys.0": "xsFNBFs80egBEADkc035ZIqxUadlITmvB15CxfTr2bDuRjGe8KLtuTv3x5cD5uvg2wglbmoUBrXNQEo8BCghHVfOCAu5M3EVIH3DSN821CplUbNVSOGOuxpv4TigzR9y1Ge3H2ZNcrmV4BvlFsNACXRQkSRfqOoBsDRkaI9bBfd+2D/b995lAhP+lE3JSMCTk+ckZGfLOTE+YKV5eAI90TU1qOe0vI2cd8MYeSDYYnbgC4ci662KoN7KjPiVioMzta99TYp61fqVZwnb3Fya3EhSsGCcs224FyL41wWfB4fjLgcy/13fYUyBWFqUZtgt8ek3y3C7m9uEhzZSA7biJTAQHTWgHDJvgVv2uZfDD4scBATHMEeTrjLlx6St1EjKMQmx+qe/9YEsDJq2rOGtHXsxapoBcWQ7aACYVofGCOl3TLbyyPgw00Hbnub4LixvBECQTwBHtR/sVRPE5aeXUEGchPuU7JUcIK+eckUNggIvJ0n6cam1HH18JIUtf10S7PfMHZ68kr0Or98DsIavLHoSdIQGyjAo7KSefbZB4RkW2vc3VnQo0Dr6/V5giIzU/+3bvye57Wf/+y3GiMhLgiCI6VLyJ9Vj2nXR3/klYwEmWOy0DnP5Hdm3ocAOM2WSmZwaoFoI4SowOeQbloETlkLd9PIxlc/WL56ygTZwui1WM1ROqBUYzO03bwARAQAB",
                            "gravatar_id": "",
                            "id": "464306",
                            "location": "",
                            "login": "phantas",
                            "name": "Paula Valenca",
                            "public_gists": "0",
                            "public_repos": "1",
                            "site_admin": "false",
                            "ssh_keys.#": "2",
                            "ssh_keys.0": "ssh-rsa AAAAB3NzaC1yc2EAAAADAQABAAACAQC2UqpVmispqNdeXgD1pQPAh5i5t/gj593j2QLbz6KF6/KoZewbrlae47Y6Il8SyuRQwI4yRsYRYvO2bMMpkNRwfdEkuLFvxNCYSoiRxnRJO1jS1DWUHXezLJeegAdu4RxvEiVjvpCrfzQfIRl3I/92TmfELZhffMrzadoPU4FPnk9FNETUK4aXzi1SLFe/wMdMONZIa6stfOu3TParsQnc5BgmzZSAN2424KvfkC8EIXdkqirFvHhTRF+HBgs7+lus8oe3vpOxlsHNh5ka+KMIu7iWzFNjxc0BhQKNjBxWGqQAjz8+h9rBaNtUsZJfjUql80VPRK0okReF+PgqFJKY4z1YY3+2GGWP3ua6ZL7/h5KMbHY4QGeSp8DXFztYXA4UmktO5Xx01A5kqtmwNf2TdEKzkwE2vW089S6PBK9bSBa0062+3isv32ZWfDhTixgc5fJCULvJVdHD4jeDIYS9aW8tONH7oXIv7DK951WSbT4xInJVexDh9uqYhW3fcLn9B4u5dV3y6zqEaMtgCOaSQ8UwcovESKwWZT3rbBjTdnkIM1pUdtt4wqPp0QE2eE3VDOadx3P8DNnMwXAkzlVWo0QR5iQEd968sJhrh9F4maTLrYP1tPGWoAjJTIr0ZC5oDhEQU37IYQb7luUSA/5Sg4JmCaYvpeSCJsznQJc4qw==",
                            "ssh_keys.1": "ssh-rsa AAAAB3NzaC1yc2EAAAADAQABAAABAQCkDcLgRcY9Q5/BfYAUZwvEJFz2VdF3EXW3DtvhL09L3wpJmJAdBN20ULsyz6SsR8+K8i7EdAF4ityMmYhwFppsSgxOAH7zBVGbufdkARFs4yTtj0cKKViPCMiYukCtYlJ689sGGQVn33fyVkWAVnf9CihI8rVfiIqtE00bKwoMGmaTfPohml3GtvTWAvLuLkWYaf6qwgux8HY1CTow9Ce5fey5yyfgKAnTEc0PKGfej3UkB99HrOZdz30E4AbiRY4/DiCk94h1YlxFJ4FzrNOnY/76eV1r+hkRvJTxyJVk5mSRPNdUUukXibseUEWW4I3MlpMrgSXGQmH9WiV2mq/x",
                            "username": "phantas"
                        },
                        "meta": {},
                        "tainted": false
                    },
                    "deposed": [],
                    "provider": "provider.github"
                },
                "github_membership.org_membership": {
                    "type": "github_membership",
                    "depends_on": [],
                    "primary": {
                        "id": "alphagov:phantas",
                        "attributes": {
                            "etag": "W/\"b576cb741b63e8383626c50a83d8bcf2\"",
                            "id": "alphagov:phantas",
                            "role": "member",
                            "username": "phantas"
                        },
                        "meta": {},
                        "tainted": false
                    },
                    "deposed": [],
                    "provider": "provider.github"
                },
                "github_team_membership.team_membership.0": {
                    "type": "github_team_membership",
                    "depends_on": [],
                    "primary": {
                        "id": "2826122:phantas",
                        "attributes": {
                            "etag": "W/\"d873d81eef5933699c9b1f58417e995c\"",
                            "id": "2826122:phantas",
                            "role": "member",
                            "team_id": "2826122",
                            "username": "phantas"
                        },
                        "meta": {},
                        "tainted": false
                    },
                    "deposed": [],
                    "provider": "provider.github"
                },
                "github_team_membership.team_membership.1": {
                    "type": "github_team_membership",
                    "depends_on": [],
                    "primary": {
                        "id": "2826127:phantas",
                        "attributes": {
                            "etag": "W/\"593650eb39eabf317471399b6ff1a371\"",
                            "id": "2826127:phantas",
                            "role": "member",
                            "team_id": "2826127",
                            "username": "phantas"
                        },
                        "meta": {},
                        "tainted": false
                    },
                    "deposed": [],
                    "provider": "provider.github"
                },
                "github_team_membership.team_membership.2": {
                    "type": "github_team_membership",
                    "depends_on": [],
                    "primary": {
                        "id": "2826126:phantas",
                        "attributes": {
                            "etag": "W/\"68ce7ffa4c810619ad22f7a973c15995\"",
                            "id": "2826126:phantas",
                            "role": "member",
                            "team_id": "2826126",
                            "username": "phantas"
                        },
                        "meta": {},
                        "tainted": false
                    },
                    "deposed": [],
                    "provider": "provider.github"
                },
                "github_team_membership.team_membership.3": {
                    "type": "github_team_membership",
                    "depends_on": [],
                    "primary": {
                        "id": "2826123:phantas",
                        "attributes": {
                            "etag": "W/\"c3d2eb0f5e5c689435529b1476d76d50\"",
                            "id": "2826123:phantas",
                            "role": "member",
                            "team_id": "2826123",
                            "username": "phantas"
                        },
                        "meta": {},
                        "tainted": false
                    },
                    "deposed": [],
                    "provider": "provider.github"
                },
                "github_team_membership.team_membership.4": {
                    "type": "github_team_membership",
                    "depends_on": [],
                    "primary": {
                        "id": "2826125:phantas",
                        "attributes": {
                            "etag": "W/\"95f9aa9a4c24326d17530e875771a6e7\"",
                            "id": "2826125:phantas",
                            "role": "member",
                            "team_id": "2826125",
                            "username": "phantas"
                        },
                        "meta": {},
                        "tainted": false
                    },
                    "deposed": [],
                    "provider": "provider.github"
                },
                "github_team_membership.team_membership.5": {
                    "type": "github_team_membership",
                    "depends_on": [],
                    "primary": {
                        "id": "2915520:phantas",
                        "attributes": {
                            "etag": "W/\"3cf2e3ebb8f7c4ee2c32a7199ecaad0d\"",
                            "id": "2915520:phantas",
                            "role": "member",
                            "team_id": "2915520",
                            "username": "phantas"
                        },
                        "meta": {},
                        "tainted": false
                    },
                    "deposed": [],
                    "provider": "provider.github"
                },
                "github_team_membership.team_membership.6": {
                    "type": "github_team_membership",
                    "depends_on": [],
                    "primary": {
                        "id": "2915524:phantas",
                        "attributes": {
                            "etag": "W/\"25be18d5c6eb7a3a1b1d9c7da7e0d4a4\"",
                            "id": "2915524:phantas",
                            "role": "member",
                            "team_id": "2915524",
                            "username": "phantas"
                        },
                        "meta": {},
                        "tainted": false
                    },
                    "deposed": [],
                    "provider": "provider.github"
                }
            },
            "depends_on": []
        },
        {
            "path": [
                "root",
                "user_racinghippo"
            ],
            "outputs": {},
            "resources": {
                "data.github_user.user": {
                    "type": "github_user",
                    "depends_on": [],
                    "primary": {
                        "id": "17086691",
                        "attributes": {
                            "avatar_url": "https://avatars1.githubusercontent.com/u/17086691?v=4",
                            "bio": "",
                            "blog": "",
                            "company": "GDS",
                            "email": "",
                            "followers": "0",
                            "following": "0",
                            "gpg_keys.#": "0",
                            "gravatar_id": "",
                            "id": "17086691",
                            "location": "London",
                            "login": "RacingHippo",
                            "name": "John Kennard",
                            "public_gists": "0",
                            "public_repos": "1",
                            "site_admin": "false",
                            "ssh_keys.#": "1",
                            "ssh_keys.0": "ssh-rsa AAAAB3NzaC1yc2EAAAADAQABAAACAQCb5dU45hJYFNiCfIQNMW06pA7Blri04/lyG5uFIpYHL2jEj5HJzI6gei4R/DAYNh18Smmia5nT2t28FWc2BgMNWkmBBnfAnulLhGc0lgKsNylrwxuTxbkCO78vG5eNPysj77dMUVswkgFKe8wFv7WYe9TXTzbJji5TSPxbn9h9ZnZWbBNTajmeHl8ifxkMNlqFgt7bZiHoQ5tNlYMBu1vfe6OHXlnDX8n0C0DKRPehzqbwYbJghpqtLdgGEIU8OZ8IAgrweA3/FT9ouuKJtrOlCRPGGILZa6V7IFmmV+p63WXz4yeVIfQEXK4XchiJpDoMNf6Lyg+QUq+6bbM17OJ+tYKXr9EKHVjJotBaUef9siPpOXXsFqb7RP1yuwIgADCAN11/mbQIdUd9B9mPvaYKi4F3Z8YxJixW/h2X/zyjhp7MfNzCwyNdn6oLqSgot3/DwSUsq9JIEj6iLgvNOaJJqc9/BY1L5G8EAquvpgDWx4HjxEpxljNqrl1GjlzeV76y9RIJeTkbod3aG9e2zI52zMnLlcTz0+0wt0ks59/lZgu1srnHrE6lxTPrlC0eSGPYcW7HrQfn6aSqX9OjjneFPVVnorVD3Mfw5PGkj6yDlYFPV9Cjf8wNYA89tm4p4O+ESzZYw5t8Ez6rBEgLgLrPz6X/5OsHD5UYdaGkYbRI6Q==",
                            "username": "RacingHippo"
                        },
                        "meta": {},
                        "tainted": false
                    },
                    "deposed": [],
                    "provider": "provider.github"
                },
                "github_membership.org_membership": {
                    "type": "github_membership",
                    "depends_on": [],
                    "primary": {
                        "id": "alphagov:RacingHippo",
                        "attributes": {
                            "etag": "W/\"e117fe9fee9778a0f1a01aab91d99976\"",
                            "id": "alphagov:RacingHippo",
                            "role": "member",
                            "username": "RacingHippo"
                        },
                        "meta": {},
                        "tainted": false
                    },
                    "deposed": [],
                    "provider": "provider.github"
                },
                "github_team_membership.team_membership.0": {
                    "type": "github_team_membership",
                    "depends_on": [],
                    "primary": {
                        "id": "2826122:RacingHippo",
                        "attributes": {
                            "etag": "W/\"e7bcf3d31f67e2536111c0e69c4d3771\"",
                            "id": "2826122:RacingHippo",
                            "role": "member",
                            "team_id": "2826122",
                            "username": "RacingHippo"
                        },
                        "meta": {},
                        "tainted": false
                    },
                    "deposed": [],
                    "provider": "provider.github"
                },
                "github_team_membership.team_membership.1": {
                    "type": "github_team_membership",
                    "depends_on": [],
                    "primary": {
                        "id": "2826127:RacingHippo",
                        "attributes": {
                            "etag": "W/\"c23a777439a4cad3464f57211b7e50b5\"",
                            "id": "2826127:RacingHippo",
                            "role": "member",
                            "team_id": "2826127",
                            "username": "RacingHippo"
                        },
                        "meta": {},
                        "tainted": false
                    },
                    "deposed": [],
                    "provider": "provider.github"
                },
                "github_team_membership.team_membership.2": {
                    "type": "github_team_membership",
                    "depends_on": [],
                    "primary": {
                        "id": "2826126:RacingHippo",
                        "attributes": {
                            "etag": "W/\"1e83b62b40f927cdbeaf73f3d4e92202\"",
                            "id": "2826126:RacingHippo",
                            "role": "member",
                            "team_id": "2826126",
                            "username": "RacingHippo"
                        },
                        "meta": {},
                        "tainted": false
                    },
                    "deposed": [],
                    "provider": "provider.github"
                },
                "github_team_membership.team_membership.3": {
                    "type": "github_team_membership",
                    "depends_on": [],
                    "primary": {
                        "id": "2826123:RacingHippo",
                        "attributes": {
                            "etag": "W/\"23935101a4bb756806a9abdfdd577a93\"",
                            "id": "2826123:RacingHippo",
                            "role": "member",
                            "team_id": "2826123",
                            "username": "RacingHippo"
                        },
                        "meta": {},
                        "tainted": false
                    },
                    "deposed": [],
                    "provider": "provider.github"
                },
                "github_team_membership.team_membership.4": {
                    "type": "github_team_membership",
                    "depends_on": [],
                    "primary": {
                        "id": "2826125:RacingHippo",
                        "attributes": {
                            "etag": "W/\"cf71864b07a2ffd18037851bc5595eef\"",
                            "id": "2826125:RacingHippo",
                            "role": "member",
                            "team_id": "2826125",
                            "username": "RacingHippo"
                        },
                        "meta": {},
                        "tainted": false
                    },
                    "deposed": [],
                    "provider": "provider.github"
                },
                "github_team_membership.team_membership.5": {
                    "type": "github_team_membership",
                    "depends_on": [],
                    "primary": {
                        "id": "2915524:RacingHippo",
                        "attributes": {
                            "etag": "W/\"8b3b4e7477264c63976b3688b6f5aaf8\"",
                            "id": "2915524:RacingHippo",
                            "role": "member",
                            "team_id": "2915524",
                            "username": "RacingHippo"
                        },
                        "meta": {},
                        "tainted": false
                    },
                    "deposed": [],
                    "provider": "provider.github"
                }
            },
            "depends_on": []
        },
        {
            "path": [
                "root",
                "user_rhowe_gds"
            ],
            "outputs": {},
            "resources": {
                "data.github_user.user": {
                    "type": "github_user",
                    "depends_on": [],
                    "primary": {
                        "id": "23742767",
                        "attributes": {
                            "avatar_url": "https://avatars1.githubusercontent.com/u/23742767?v=4",
                            "bio": "Look at that red diff. Look at it!",
                            "blog": "",
                            "company": "GDS, Cabinet Office, UK Government",
                            "email": "russell.howe@digital.cabinet-office.gov.uk",
                            "followers": "2",
                            "following": "2",
                            "gpg_keys.#": "2",
                            "gpg_keys.0": "xsFNBFgl+zsBEADTfsdyOQvtrdUyiNlkBNHIMZdl29u7bHbu4YDEfsPLYTbsHeWZHu/F57f9uK+tjXWqrf8Aw6PMUQ4cwKAwICmj31yiGikmL4HIXgSaWllubjWFlXINV6UzCSNxJMToPlXgeuAKTgy3yizlbGK0d/HWxQU1xMNGlgm5M5kjdatywcrvHpcAE2k/5i9PdMerzdQwB/YBpciOLTx/aAKkzROI80ZNEBBJEjjugL72uEhzoCPNtdXZ+ubUBQFvRR3rakLPX3m4IN4Q86hclemUyiEHdvlzprrCUD3f9Hro4eqXmZ2jQ/H8KsU0n9cVlRMqcaxpRrLH2dtRrI+gZNS7EsS+/SMtxb88da2dyy4DI1CL8V1UzEnmZ9mE6KvJEg0mC3DlxAp75IAUjXxNmlIaysfQ0aZKPgCX/xaoYuNsMpNIi0HC1WV/55ge2g5boktEk6TKiBfF/oh4iXdgho2+lD5NlV9d0F/AHCIlQWqLLSldm47OSURggsjLBqiiplK1LEGMSelDavgmnR2gFZyd1VSX0sJfKPXureMv9GioGvxPWWwX0V8goayS2jkwxITzrBD1CaGtqqMnPWSIqwRHzsrCI8W/1k48YrJGJdt6PvNH9KxRosRGsIatn7yNT1w5UyG4xa4fi82chAldVgdMAup40jKGX/n7SITJSNWiavsh2QARAQAB",
                            "gpg_keys.1": "xsFNBFt2zPQBEAC7Ps0AFvjmuk9arSIncjX02Q2CUlQquvNHLABxdZQgc97Ja/9x0dECWgBP0f7tA7zonzX8JQi3B5hvSmcSb+TKSSrp6WmduEY1Cz+/pUmBD2eDAZ02u4zXHMHR3TaR8GrSCI171//1qRz49/NzrVM7C1TBXnGCI3aPpEDgK6gbPwTFtKweVj+i2Xgyaq8Xed6G+P0HeL92BJbKeFtytNJpHPOXY3fPnyflVOmnU4FK6Aeo2dpitDn+qoVpQQVVLRiZlBXN7YEdDlda0evfmd9eX8zsCMeYTvd0tfXfTLPovxEy9DN3+AZ4DdkdMOJ/gAU9wjdP5MsqW35jzdBi4oYaYpDZSY18Xn4E+e1x0RZp8PUSNhSr9pwPxKuRxsM4InuNcVQPhSlNKYJqrRHaD51fLSTuZFMQD9YUqptS+nmFt4acjs/O7+vq8i5MLng8gTlbnZ/Wqq9Cv+LENjL5Lv/uwPYrzKlb0HiH1bbre+9IxiSP0E5TIoLFQgyMQqYr6qkfCtddwh9CpOjidRJgEeSf1t1yryvSw7GgdUiR9ktP4d9Ptw2AcFEChE+kFmMy/voht4B5wiggtl7W9IKp9rMZFjGUTnnhy72sVmZ0DUx36c2QHGt2IVSX638i2ju6N7149Kb1vJPde70biqHpw1TF3p5QIXTfF5maEmpwhxYNXwARAQAB",
                            "gravatar_id": "",
                            "id": "23742767",
                            "location": "",
                            "login": "rhowe-gds",
                            "name": "Russell Howe",
                            "public_gists": "5",
                            "public_repos": "19",
                            "site_admin": "false",
                            "ssh_keys.#": "1",
                            "ssh_keys.0": "ssh-rsa AAAAB3NzaC1yc2EAAAADAQABAAACAQDaZvpViNRHNtfvbFasM4b9HVGdE8Iv6zXl3kDGqiOFXhzYRQTdsmHYHdUv7cLsHgjMtbLynetLuOW+ifB7DLnW/+U3PlEFTX0xUbmzRLnLkQRTEQSc70YG2XADhJG3qITH7R5/pXLC8gNXDWQLj1cte5vvF08OtUPwcjCiISUc1YcbfWBXXbEpZ1R+rXMHJhDHrLbvwrRfUJdS9kgO7bHAF7zp2CAF1xYEVBoLxA7sW6rm1qL9Qr/UTuLr4yjlaB35CQYA8bXfykdxuCCi2IGNC6UAHQ1z1etw4bG4c+OGer4jeMYQm3fsg6wj9RAKJL1Par8E28JPqlPu1qkbdyQ6VHjHXFgCHAfvh++JMuFW6EIFbmFXAlqnlJSAS4/ZSleQWbJg5KpubPLmLu3bqRq0Rs4T56SwzV2rCXOD0e/0FttBjPyLTsfjJC++EVaFYZBdsB1MgTIfKMf16RdERXmUYQtYhT05JUy89vbYde0CLD1mmqO84uabGnwrq0QQjoqw19FZp2EjtHEhTsKthe2xF2Wf7d9tsWjXRDACPKiCEriACpfqkoJvAv3uP1T20FT5J/xfZwhr4YpJd3Cdb1LHKYaViRa+SsdE/PPQxjqmJXW9qHXlfIKRZc+ojfTky5Rr/+RFHdcp+g31SWEjH6kDaxxDNh4O2Hbtpf0IXjs33w==",
                            "username": "rhowe-gds"
                        },
                        "meta": {},
                        "tainted": false
                    },
                    "deposed": [],
                    "provider": "provider.github"
                },
                "github_membership.org_membership": {
                    "type": "github_membership",
                    "depends_on": [],
                    "primary": {
                        "id": "alphagov:rhowe-gds",
                        "attributes": {
                            "etag": "W/\"25470eefd1ba0799b10e6f4cffd57d2d\"",
                            "id": "alphagov:rhowe-gds",
                            "role": "admin",
                            "username": "rhowe-gds"
                        },
                        "meta": {},
                        "tainted": false
                    },
                    "deposed": [],
                    "provider": "provider.github"
                },
                "github_team_membership.team_membership.0": {
                    "type": "github_team_membership",
                    "depends_on": [],
                    "primary": {
                        "id": "2826127:rhowe-gds",
                        "attributes": {
                            "etag": "W/\"56edaa95ed328c707fd78cd42efc8e27\"",
                            "id": "2826127:rhowe-gds",
                            "role": "maintainer",
                            "team_id": "2826127",
                            "username": "rhowe-gds"
                        },
                        "meta": {},
                        "tainted": false
                    },
                    "deposed": [],
                    "provider": "provider.github"
                },
                "github_team_membership.team_membership.1": {
                    "type": "github_team_membership",
                    "depends_on": [],
                    "primary": {
                        "id": "2826126:rhowe-gds",
                        "attributes": {
                            "etag": "W/\"c0805284543f157eda30471e1c0235de\"",
                            "id": "2826126:rhowe-gds",
                            "role": "maintainer",
                            "team_id": "2826126",
                            "username": "rhowe-gds"
                        },
                        "meta": {},
                        "tainted": false
                    },
                    "deposed": [],
                    "provider": "provider.github"
                },
                "github_team_membership.team_membership.2": {
                    "type": "github_team_membership",
                    "depends_on": [],
                    "primary": {
                        "id": "2826120:rhowe-gds",
                        "attributes": {
                            "etag": "W/\"d0f984db92a538b081686b03d6d8e202\"",
                            "id": "2826120:rhowe-gds",
                            "role": "maintainer",
                            "team_id": "2826120",
                            "username": "rhowe-gds"
                        },
                        "meta": {},
                        "tainted": false
                    },
                    "deposed": [],
                    "provider": "provider.github"
                },
                "github_team_membership.team_membership.3": {
                    "type": "github_team_membership",
                    "depends_on": [],
                    "primary": {
                        "id": "2826125:rhowe-gds",
                        "attributes": {
                            "etag": "W/\"804d22e6ae18036ceb7cd821e4991864\"",
                            "id": "2826125:rhowe-gds",
                            "role": "maintainer",
                            "team_id": "2826125",
                            "username": "rhowe-gds"
                        },
                        "meta": {},
                        "tainted": false
                    },
                    "deposed": [],
                    "provider": "provider.github"
                },
                "github_team_membership.team_membership.4": {
                    "type": "github_team_membership",
                    "depends_on": [],
                    "primary": {
                        "id": "2915524:rhowe-gds",
                        "attributes": {
                            "etag": "W/\"a0872797f3c3896a84990e50681d4e99\"",
                            "id": "2915524:rhowe-gds",
                            "role": "maintainer",
                            "team_id": "2915524",
                            "username": "rhowe-gds"
                        },
                        "meta": {},
                        "tainted": false
                    },
                    "deposed": [],
                    "provider": "provider.github"
                },
                "github_team_membership.team_membership.5": {
                    "type": "github_team_membership",
                    "depends_on": [],
                    "primary": {
                        "id": "2826122:rhowe-gds",
                        "attributes": {
                            "etag": "W/\"8002af98971a64cf53a7f8071a5678b9\"",
                            "id": "2826122:rhowe-gds",
                            "role": "maintainer",
                            "team_id": "2826122",
                            "username": "rhowe-gds"
                        },
                        "meta": {},
                        "tainted": false
                    },
                    "deposed": [],
                    "provider": "provider.github"
                }
            },
            "depends_on": []
        },
        {
            "path": [
                "root",
                "user_robinmitra"
            ],
            "outputs": {},
            "resources": {
                "data.github_user.user": {
                    "type": "github_user",
                    "depends_on": [],
                    "primary": {
                        "id": "3193694",
                        "attributes": {
                            "avatar_url": "https://avatars2.githubusercontent.com/u/3193694?v=4",
                            "bio": "(({greeting = 'Hello', name = 'World'} = {}) =\u003e `${greeting} ${name}!`)()",
                            "blog": "www.robinmitra.com",
                            "company": "Government Digital Service",
                            "email": "",
                            "followers": "12",
                            "following": "35",
                            "gpg_keys.#": "2",
                            "gpg_keys.0": "xsFNBFrcthoBEADsqpF6vyioIcd3vRDA5pQ4xjOfJZWmjK/jfhLYnriEJgA+0EXiBtI2zvcSZ96rUvD5NWIoVmiN/I3FfnfTQTClH1gi4HwXFyhqnfjjKZxVCIlCZ9CYD0SNpaxTw0XKpeLqEq7GMRX/JRSHN1EcvJR/NAI0rsSWHbo7UYXSRavI2Qxbj6wW2v2oYxBHVsHoqg3XTp7Mmm0bbgPtwKIsKFatHhYmWbQP2NoMQkgvWeGr7/TDDMMo+VDXJDFJ33DXePcYDUe9cOsl6bKfTWPyY0BR4fEJHaNwITamiVkqyyWI9zjUBDlPAklALBA2Uyqxcyc3XipTmX3qiyclOrrhd/9XSNmaes9yWrWG1B6h/mmKUqBcbHe5uZdhlaVJpzcPjDiUlkUv6/s/y4Io0x2umkl5TBBpvQamEdkJ7HiE7gTxfjS/bMDEl3ZcDVPLtzlexsu2PRmLrdk05+u7fxGDFz90q5xeB5B6xtLirB/4o1Pk/AsVj5RJA3vHsseDoWSTV06jivcC5iuZyJOSMzkrlRLCvJhl+kof84vnPEDKDT+WlUqcRQzHSid4RiVw9qNUBvuDZoVjQXNaAHeOM8IIPP7s0V1364X6mCAC2k7RZEY4odfHn8fXRr0v+xKGjoXVIbW3y9kHQpUFoO2oLRGcFedrD1mcEsAo1YIwbVW0L5tb1QARAQAB",
                            "gpg_keys.1": "xsFNBFrcoDABEACmTiN08BGCQFXX1JNAy/Q+0O33/VE9DN3XyFfiVpMa0vlLMWe2cJlYroyIO0n38TBgsqWBEgN15Kntpoo1+opMmx+hrSEAGuOyW8j4oWMUOnXuK8wzRd+/9C9J8RyPC0WlY8K/btJ/OJ44Jzqrh2J2QIq1Amx+PybnAF2fcTX5UH2jTyBotRObpElOUN5mSorbj5PgYiDjX1NkIx94riZQSqNRnGZtlt7V0DlZZcfiz6HcGUZmSGlqKAAZBQs74A2bCIMuakbwVJo8fPfEUvqGPkibc1ADw9k0sdf+cdFDA1U9K3MpSOiLJ0ZfggAm7pft20Nz13pMmdGJCnV4kTrRHVW0aYU2SdGhJD1kcG3kLUiKd4icsK8F89uYkAGqS/OuXG3SJq/I9AVjGvS3M9WFu33ZkVSN6Mx13SVGBOl7zBy8EPmXFDGA4GqdhUCFBp+saWbe3zt9dkQbc6Iz0zvyy6uXBlzOzwuDt76bcwuFrqD5lfg3XHKyM+V85dG67ZUFDqKmOdp9OgRgL5bgvRXDhsNGvZPU6fFyPb/IRBKHvdvHSmyKzp4KBc/+ly8CE28Aj+yXBeeSVW2pzf5r9oND1Q92IfwvmDuR4fUrMSImROrZPuCF9YGsFL8IFK9LDY9Yeo0dES3SWxNuqNqvQikK2a8uhHUhwc6B7fLpxpH3swARAQAB",
                            "gravatar_id": "",
                            "id": "3193694",
                            "location": "London, UK",
                            "login": "robinmitra",
                            "name": "Robin Mitra",
                            "public_gists": "11",
                            "public_repos": "18",
                            "site_admin": "false",
                            "ssh_keys.#": "2",
                            "ssh_keys.0": "ssh-rsa AAAAB3NzaC1yc2EAAAADAQABAAABAQDGDwjlNTN0oxUGDPTCfMya4CzffhKTpoJfo3jF3zp3YtW4ivL/gzFl6kkF6tTlvdn/n+LjLYFen2a+Ht7dAeDpUxVkZvrZnC06mTzrmU1oJ75FYOhVqieTqGg1yF3Jdx3irqNtS+QhpLUD9UaUUoLZmZ0Q+T1IWlmhk3TMNgVjaiSRBOZcAwkiMtOXsluWqhTO2kTaPQReJiIsCRidAhpgYkX4aX5jF0wg+qqspKLE4T/XkXOEY3PWasIasB8m2qVLkzKGrQoyaF8n2/+XLClIOoTDcsHzWdmYFgrwIz/hRRUGoJK6e471ogEiXhZAl2Ju1XNeISfnwWka/BT2cSW5",
                            "ssh_keys.1": "ssh-rsa AAAAB3NzaC1yc2EAAAADAQABAAACAQDrZfMuJRmcRtpLS3X/oKTKiGwmFSjIEAZd3N3zszJd49BdSlqiXUl2LnZt89mdgzc2zDfrrM9jTbmlS5ImxDWMCgDnAxBSsQaV6vu4HAhsd11stV1qkspqc0vqbZbOVNEdz1r1g3Fodt5gatcZZ48G3Hb+x0L5ISW+74Ie3WJkQZpVj11dUNyyfSHW+b7Ue2kniosRX9+slJUzvxuJswkYP65broIZ/1xe6LB566m1lg0Qg3YJn1IAVXMXbfE4ZqgMwjXPKv6EYPy5AHuChhxqlT/aEZET8jn7Z0H01csWVIsdAal9BO/RFoi4PDZLyyKSbCtUv4SlfYLMW540Qn+0Lkn3BqgFRAgqcwOmXtE2B5GX7lN5qK1voeS0wEMgJ+uO+eyt81da10bDbpB+qR40Bxefobs1FjefuAY7/y6ApEolB9Azm3U3f9Z7tK4CmomnjFcQZ+dLQJbJ+Ya4c77sDo1lR0iE4ZlP3LgnYC4pwy76XjLcAbMhnsuM/o8YjnPx7uS78kAWChD7kivcfNLOtt5GN/f6yPHAKJJdKUs9h9PNkAPc4Dmd+ZaF2MpopBBfzvI1rh08FMoW7JUsBsNKoWhQfi2LP0tMzaK3oOh/+gION5nYEWaQbdQr1T6LqaGGiLq2EfE0BE1LwdCd8QDyhDzoULKqLxmnRRtT4q16FQ==",
                            "username": "robinmitra"
                        },
                        "meta": {},
                        "tainted": false
                    },
                    "deposed": [],
                    "provider": "provider.github"
                },
                "github_membership.org_membership": {
                    "type": "github_membership",
                    "depends_on": [],
                    "primary": {
                        "id": "alphagov:robinmitra",
                        "attributes": {
                            "etag": "W/\"c0c6dfa4980b5fbf8b9127f61efa3162\"",
                            "id": "alphagov:robinmitra",
                            "role": "member",
                            "username": "robinmitra"
                        },
                        "meta": {},
                        "tainted": false
                    },
                    "deposed": [],
                    "provider": "provider.github"
                },
                "github_team_membership.team_membership.0": {
                    "type": "github_team_membership",
                    "depends_on": [],
                    "primary": {
                        "id": "2826122:robinmitra",
                        "attributes": {
                            "etag": "W/\"1c2b13a441ca8e257fcff8c321debfdb\"",
                            "id": "2826122:robinmitra",
                            "role": "member",
                            "team_id": "2826122",
                            "username": "robinmitra"
                        },
                        "meta": {},
                        "tainted": false
                    },
                    "deposed": [],
                    "provider": "provider.github"
                },
                "github_team_membership.team_membership.1": {
                    "type": "github_team_membership",
                    "depends_on": [],
                    "primary": {
                        "id": "2826127:robinmitra",
                        "attributes": {
                            "etag": "W/\"8b1caf302e06a41abf49a5c97ebea128\"",
                            "id": "2826127:robinmitra",
                            "role": "member",
                            "team_id": "2826127",
                            "username": "robinmitra"
                        },
                        "meta": {},
                        "tainted": false
                    },
                    "deposed": [],
                    "provider": "provider.github"
                },
                "github_team_membership.team_membership.2": {
                    "type": "github_team_membership",
                    "depends_on": [],
                    "primary": {
                        "id": "2826126:robinmitra",
                        "attributes": {
                            "etag": "W/\"29d2357e3bec9f0286871758656ed06f\"",
                            "id": "2826126:robinmitra",
                            "role": "member",
                            "team_id": "2826126",
                            "username": "robinmitra"
                        },
                        "meta": {},
                        "tainted": false
                    },
                    "deposed": [],
                    "provider": "provider.github"
                },
                "github_team_membership.team_membership.3": {
                    "type": "github_team_membership",
                    "depends_on": [],
                    "primary": {
                        "id": "2826123:robinmitra",
                        "attributes": {
                            "etag": "W/\"4bb23754c44a9ecca2ab31a38ffdee78\"",
                            "id": "2826123:robinmitra",
                            "role": "member",
                            "team_id": "2826123",
                            "username": "robinmitra"
                        },
                        "meta": {},
                        "tainted": false
                    },
                    "deposed": [],
                    "provider": "provider.github"
                },
                "github_team_membership.team_membership.4": {
                    "type": "github_team_membership",
                    "depends_on": [],
                    "primary": {
                        "id": "2826125:robinmitra",
                        "attributes": {
                            "etag": "W/\"36a21895d041c96f826005ed8353cd6c\"",
                            "id": "2826125:robinmitra",
                            "role": "member",
                            "team_id": "2826125",
                            "username": "robinmitra"
                        },
                        "meta": {},
                        "tainted": false
                    },
                    "deposed": [],
                    "provider": "provider.github"
                },
                "github_team_membership.team_membership.5": {
                    "type": "github_team_membership",
                    "depends_on": [],
                    "primary": {
                        "id": "2915520:robinmitra",
                        "attributes": {
                            "etag": "W/\"f6b4c68c032bf8c10eff45f3d812693e\"",
                            "id": "2915520:robinmitra",
                            "role": "member",
                            "team_id": "2915520",
                            "username": "robinmitra"
                        },
                        "meta": {},
                        "tainted": false
                    },
                    "deposed": [],
                    "provider": "provider.github"
                },
                "github_team_membership.team_membership.6": {
                    "type": "github_team_membership",
                    "depends_on": [],
                    "primary": {
                        "id": "2915524:robinmitra",
                        "attributes": {
                            "etag": "W/\"f7b4dec043d27f869b239d3c1b769592\"",
                            "id": "2915524:robinmitra",
                            "role": "member",
                            "team_id": "2915524",
                            "username": "robinmitra"
                        },
                        "meta": {},
                        "tainted": false
                    },
                    "deposed": [],
                    "provider": "provider.github"
                }
            },
            "depends_on": []
        },
        {
            "path": [
                "root",
                "user_ronocg"
            ],
            "outputs": {},
            "resources": {
                "data.github_user.user": {
                    "type": "github_user",
                    "depends_on": [],
                    "primary": {
                        "id": "4973404",
                        "attributes": {
                            "avatar_url": "https://avatars2.githubusercontent.com/u/4973404?v=4",
                            "bio": "",
                            "blog": "",
                            "company": "",
                            "email": "",
                            "followers": "0",
                            "following": "1",
                            "gpg_keys.#": "1",
                            "gpg_keys.0": "xsFNBFayNs4BEACxDuBWUkQ6ycBa/UIbvb4R/0ps22x0MnTGV1Xa+WOdsT06WVZ9oGGDA0ev1s6VGUw6Z1uxmRRw8HAho+XSTHXCi/UDPmB3eyK7geA4+4OnqNu31V+fADMcOsYDLMDh1ay7qHLtGFaShN6XjDBZmQhpLZO6/tH2LsOpHmUoITCqtp996W7+gUkIy8/3t1eCdOqM4WciNSFJraKxdZbVFhF/cpGMEQFP4pEzjK0Lc4LZ3NRk0aBQmRcp1gjRiVdR5qvK3esFEhzRyuImB1q8xZ31Ja56vdJSKH1vQgMmhBmUIbJNlqmj4vZalesQqCiTvLuo2PJMs0ZjFrOEz4KvIJIZRwDQaj0WGK6d94KgmbP+puChzXu2/IxHaopxXorl4TZyjYBve24NjnbHVpLab+x3t+u9wSCDzUWodoh6gY/9qm2yzt13LqgcgbdhAP3NZ4GugHKzPj8dpkYIjcIFlkDDCe3m0xtzlIzgS9jOwNU/A8fkkWIBXMR6xyoSMVJR0Rvm7wMQZmCQ+9/VpUF4imv/BNZA8KwPpdtasdENnh0i2ptsfUxWIQql0QH9Mgvx4NJNN/r8JAwAFWO5/2AfPaHV9CgnwXHqJpxoIvDtIMKAdpKQR2lbU4aAsI90ObXYxprI7gvdWOCTyO01Q2f5Z3kroAnAEGIvo7Grmkl7ethYMQARAQAB",
                            "gravatar_id": "",
                            "id": "4973404",
                            "location": "United Kingdom",
                            "login": "ronocg",
                            "name": "Conor Glynn",
                            "public_gists": "1",
                            "public_repos": "4",
                            "site_admin": "false",
                            "ssh_keys.#": "2",
                            "ssh_keys.0": "ssh-rsa AAAAB3NzaC1yc2EAAAADAQABAAABAQDUSsLykW5SixwnSgsppEVG9ZOViuGznm/8Z3CjGNMNb3JnBZCrpsBP+RjNiPwldu4NKVCDinhbPLKDojE07LqTOVD12crUX7DYhQ0FNPip3MHCnFJI5s08fZ4uFR+pOJyT7iOBVnLGCRCcmxwNMWPGEYmRi0Yi5PeROxIFP/E4Y8iFemD50eK3Upj4biZi97+0U9+y+MB4VJ0qqmyG/I2unhBsUNPgSamdZIJ7OnU22YCSOSJbNLzArsLRu9txrLhknkYPM46L2Oy+N34NPx1lB0Y1J3csfNYPperAPm62Fwqk/JCIhdo5hiOXimzobWQhyaTaImL4d+lifA4u072V",
                            "ssh_keys.1": "ssh-rsa AAAAB3NzaC1yc2EAAAADAQABAAACAQChXVB0+ZEc2KB1147WHGbhSUGyB2xeLnwJ4CW9V9hWdTgGWMuiWOcgFc1BGGbQ2I6Be939/JzqmsNOlguB0Qq5OJgcHelgB2+qAqEb1I9gYwKFFoIOIpiG5WNNKfbY+C2OjW6zCy9n0bNdXuSDzG2becfeCtSurdoVQNwt54AEXNtQAjUqPk+T4pHpMdWpDIMamDw8PY8PG3hypr6ao5vy/vBOaIKezAGIsDnr8eVIVkaV/TCE9RRQLxpN/tXCowzRbAmIko7so5iKoQOXSzHLMk/dehDk4oQg8pdRG7n/QW3NXFg1KbS3STgUb/8uigwAVRWCEd9LysDaceUISZ2JOP2f692f/z2rA1gCQiM5qJBOTGzL980PfcnTcKA8LI7A//S+UdWEONThQlpnZf+aFTaLHLvuBNO4awOoMorDkI7FMUvyGTHKJVHqebHwBoFMKghn9tzQ/GKK+o0zNgZ5nZaVGRRzRhxv/UueYVPPlRAf0w5GRPzx4vyOc7PE4M6amIDrIG8xojVFn8m3KwQumU78m297HzWtK3CSJSDrU1k2gpHdM/8AArRtYhIyPl7w/CaC+GrVMpG3I4r1HFzR92qQ66aUanoqr40CXwL+kbyZirt3u4km2c140/qX3UJQYcmObk43MjepFxuVmRIqCqjsfBFp4ZpIqOhQdsr37Q==",
                            "username": "ronocg"
                        },
                        "meta": {},
                        "tainted": false
                    },
                    "deposed": [],
                    "provider": "provider.github"
                },
                "github_membership.org_membership": {
                    "type": "github_membership",
                    "depends_on": [],
                    "primary": {
                        "id": "alphagov:ronocg",
                        "attributes": {
                            "etag": "W/\"843754a9afcc12cb493df16fb8c5a567\"",
                            "id": "alphagov:ronocg",
                            "role": "member",
                            "username": "ronocg"
                        },
                        "meta": {},
                        "tainted": false
                    },
                    "deposed": [],
                    "provider": "provider.github"
                },
                "github_team_membership.team_membership.0": {
                    "type": "github_team_membership",
                    "depends_on": [],
                    "primary": {
                        "id": "2826127:ronocg",
                        "attributes": {
                            "etag": "W/\"97eae96a14458422ea3a2994c3a435ab\"",
                            "id": "2826127:ronocg",
                            "role": "member",
                            "team_id": "2826127",
                            "username": "ronocg"
                        },
                        "meta": {},
                        "tainted": false
                    },
                    "deposed": [],
                    "provider": "provider.github"
                },
                "github_team_membership.team_membership.1": {
                    "type": "github_team_membership",
                    "depends_on": [],
                    "primary": {
                        "id": "2826126:ronocg",
                        "attributes": {
                            "etag": "W/\"2e8834ef17921d3149af8a503354c831\"",
                            "id": "2826126:ronocg",
                            "role": "member",
                            "team_id": "2826126",
                            "username": "ronocg"
                        },
                        "meta": {},
                        "tainted": false
                    },
                    "deposed": [],
                    "provider": "provider.github"
                },
                "github_team_membership.team_membership.2": {
                    "type": "github_team_membership",
                    "depends_on": [],
                    "primary": {
                        "id": "2826120:ronocg",
                        "attributes": {
                            "etag": "W/\"6367ab8372f30012a7a17d0205c3b259\"",
                            "id": "2826120:ronocg",
                            "role": "member",
                            "team_id": "2826120",
                            "username": "ronocg"
                        },
                        "meta": {},
                        "tainted": false
                    },
                    "deposed": [],
                    "provider": "provider.github"
                },
                "github_team_membership.team_membership.3": {
                    "type": "github_team_membership",
                    "depends_on": [],
                    "primary": {
                        "id": "2826125:ronocg",
                        "attributes": {
                            "etag": "W/\"4ba5bc8b72f960dae1ec59bef18d8e4e\"",
                            "id": "2826125:ronocg",
                            "role": "member",
                            "team_id": "2826125",
                            "username": "ronocg"
                        },
                        "meta": {},
                        "tainted": false
                    },
                    "deposed": [],
                    "provider": "provider.github"
                },
                "github_team_membership.team_membership.4": {
                    "type": "github_team_membership",
                    "depends_on": [],
                    "primary": {
                        "id": "2915524:ronocg",
                        "attributes": {
                            "etag": "W/\"0b60726dc5898cb53ef070c115ff38d0\"",
                            "id": "2915524:ronocg",
                            "role": "member",
                            "team_id": "2915524",
                            "username": "ronocg"
                        },
                        "meta": {},
                        "tainted": false
                    },
                    "deposed": [],
                    "provider": "provider.github"
                },
                "github_team_membership.team_membership.5": {
                    "type": "github_team_membership",
                    "depends_on": [],
                    "primary": {
                        "id": "2826122:ronocg",
                        "attributes": {
                            "etag": "W/\"cd43a00504a91253c348cbc27fa4e6ab\"",
                            "id": "2826122:ronocg",
                            "role": "member",
                            "team_id": "2826122",
                            "username": "ronocg"
                        },
                        "meta": {},
                        "tainted": false
                    },
                    "deposed": [],
                    "provider": "provider.github"
                }
            },
            "depends_on": []
        },
        {
            "path": [
                "root",
                "user_rosa_fox"
            ],
            "outputs": {},
            "resources": {
                "data.github_user.user": {
                    "type": "github_user",
                    "depends_on": [],
                    "primary": {
                        "id": "5963488",
                        "attributes": {
                            "avatar_url": "https://avatars1.githubusercontent.com/u/5963488?v=4",
                            "bio": "",
                            "blog": "http://www.rosaemeraldfox.com",
                            "company": "Government Digital Service",
                            "email": "rosafox89@gmail.com",
                            "followers": "26",
                            "following": "7",
                            "gpg_keys.#": "0",
                            "gravatar_id": "",
                            "id": "5963488",
                            "location": "London, UK",
                            "login": "Rosa-Fox",
                            "name": "Rosa Fox",
                            "public_gists": "31",
                            "public_repos": "36",
                            "site_admin": "false",
                            "ssh_keys.#": "1",
                            "ssh_keys.0": "ssh-rsa AAAAB3NzaC1yc2EAAAADAQABAAACAQDc4WFKxhyxLItpYixyf/0o0Cou3/mW/Ktd5y0ij7QqLX5A/b+poJXc+6zwM4XbJAz8mcvWi9wsMlv5j9yjSa9n3MQsM/ZMfw5pNAujeP7/+TgTISAAJt7hRmtWvRu6sS/5EsITCTPkEIDDLKfuSvSy0gou+zetp22GW/PgnK0xaykgLWPGGXhEFVm+6bOBFq2vGZUYn3bgbSQZzozWGT1tVZePwTceX3KLOTOkis6chCv5UHh1a5YE9upfZym6IDCgKBkRA+Wv4vatbXy/ULDoSFzgT72unNdddu6kjixy+E7KpWPPqQjEDc8Bmel1gXr52sbg1+Xacj7LjKbGnvzyFmdPAZXMtQTu14zsIx9Z4F3Sha8qP05XkXANvzHmhGn3XuoSa4fARqngrnSAvuGILytd8m8jGtM3TfDJueJJ2EX5I6YBUiDeJPnKzh3MZXJFh3niCee+lupUGON8Wo/JrUsw+Hs/kMPeIu20eEynm+m5OdHwGb39arB8YAdWHTxumBG1rsn60GpXGAdD+b41ghzZr32U73m2fuXnRjTMrTj2L6gJZRfxdoELCE2OfixdABMT51V0LbSnvXc/uGIoRx6qqas3LRXFdAwqTF7foR+k6GGtQYSiSp6e+/rZGGEGOKIXJdDTYjxc4neFdNRLP3UiV1ys0B3iWw2Sgrwu/Q==",
                            "username": "Rosa-Fox"
                        },
                        "meta": {},
                        "tainted": false
                    },
                    "deposed": [],
                    "provider": "provider.github"
                },
                "github_membership.org_membership": {
                    "type": "github_membership",
                    "depends_on": [],
                    "primary": {
                        "id": "alphagov:Rosa-Fox",
                        "attributes": {
                            "etag": "W/\"1d20997ef33bf8cac1c9e0dee0a612e5\"",
                            "id": "alphagov:Rosa-Fox",
                            "role": "member",
                            "username": "Rosa-Fox"
                        },
                        "meta": {},
                        "tainted": false
                    },
                    "deposed": [],
                    "provider": "provider.github"
                },
                "github_team_membership.team_membership.0": {
                    "type": "github_team_membership",
                    "depends_on": [],
                    "primary": {
                        "id": "2826122:Rosa-Fox",
                        "attributes": {
                            "etag": "W/\"01ac9a2eecf2142b37eabafad7d95531\"",
                            "id": "2826122:Rosa-Fox",
                            "role": "member",
                            "team_id": "2826122",
                            "username": "Rosa-Fox"
                        },
                        "meta": {},
                        "tainted": false
                    },
                    "deposed": [],
                    "provider": "provider.github"
                },
                "github_team_membership.team_membership.1": {
                    "type": "github_team_membership",
                    "depends_on": [],
                    "primary": {
                        "id": "2826127:Rosa-Fox",
                        "attributes": {
                            "etag": "W/\"fd41e53bcf8907cae38b386626eaf035\"",
                            "id": "2826127:Rosa-Fox",
                            "role": "member",
                            "team_id": "2826127",
                            "username": "Rosa-Fox"
                        },
                        "meta": {},
                        "tainted": false
                    },
                    "deposed": [],
                    "provider": "provider.github"
                },
                "github_team_membership.team_membership.2": {
                    "type": "github_team_membership",
                    "depends_on": [],
                    "primary": {
                        "id": "2826126:Rosa-Fox",
                        "attributes": {
                            "etag": "W/\"49860c905cd942358363e2c1edb10ba3\"",
                            "id": "2826126:Rosa-Fox",
                            "role": "member",
                            "team_id": "2826126",
                            "username": "Rosa-Fox"
                        },
                        "meta": {},
                        "tainted": false
                    },
                    "deposed": [],
                    "provider": "provider.github"
                },
                "github_team_membership.team_membership.3": {
                    "type": "github_team_membership",
                    "depends_on": [],
                    "primary": {
                        "id": "2826123:Rosa-Fox",
                        "attributes": {
                            "etag": "W/\"afc26a8bad33a53b0ebb0510a99fa9ba\"",
                            "id": "2826123:Rosa-Fox",
                            "role": "member",
                            "team_id": "2826123",
                            "username": "Rosa-Fox"
                        },
                        "meta": {},
                        "tainted": false
                    },
                    "deposed": [],
                    "provider": "provider.github"
                },
                "github_team_membership.team_membership.4": {
                    "type": "github_team_membership",
                    "depends_on": [],
                    "primary": {
                        "id": "2826125:Rosa-Fox",
                        "attributes": {
                            "etag": "W/\"22ee21a8ab688766c7cdffe14f17c92f\"",
                            "id": "2826125:Rosa-Fox",
                            "role": "member",
                            "team_id": "2826125",
                            "username": "Rosa-Fox"
                        },
                        "meta": {},
                        "tainted": false
                    },
                    "deposed": [],
                    "provider": "provider.github"
                },
                "github_team_membership.team_membership.5": {
                    "type": "github_team_membership",
                    "depends_on": [],
                    "primary": {
                        "id": "2915524:Rosa-Fox",
                        "attributes": {
                            "etag": "W/\"4be6771d833d207dfc3d7abf88036876\"",
                            "id": "2915524:Rosa-Fox",
                            "role": "member",
                            "team_id": "2915524",
                            "username": "Rosa-Fox"
                        },
                        "meta": {},
                        "tainted": false
                    },
                    "deposed": [],
                    "provider": "provider.github"
                }
            },
            "depends_on": []
        },
        {
            "path": [
                "root",
                "user_sakisv"
            ],
            "outputs": {},
            "resources": {
                "data.github_user.user": {
                    "type": "github_user",
                    "depends_on": [],
                    "primary": {
                        "id": "4289633",
                        "attributes": {
                            "avatar_url": "https://avatars3.githubusercontent.com/u/4289633?v=4",
                            "bio": "",
                            "blog": "",
                            "company": "",
                            "email": "",
                            "followers": "9",
                            "following": "8",
                            "gpg_keys.#": "0",
                            "gravatar_id": "",
                            "id": "4289633",
                            "location": "London",
                            "login": "sakisv",
                            "name": "Sakis",
                            "public_gists": "3",
                            "public_repos": "10",
                            "site_admin": "false",
                            "ssh_keys.#": "2",
                            "ssh_keys.0": "ssh-rsa AAAAB3NzaC1yc2EAAAADAQABAAACAQCjMsssUUkOef9B11ErWLO51I+K6kYkveNZD7EMfy4zmeD00f/s8EVQqq3upi4npqyU3WGea+gr1wIFIKIZQssDEMKGPkS8StOCZ+iwu6wmz45ZWZ6L8pphhLAQjy8Vd1qk84uj2jNmkdDKQlvUkiUYMrH0bGdiTAguaKTD+PtWtWisew7p47dTBm8qgpjRv1MvSuis5poYsRfB3/oXleageafGhC+0n+SGT7SR0diHzdUJTbJMRdLQ/fxkDgCQgjIbUsVrztLTz4LntZQqBuoSQIGVO81+eKGeTtN+9NrFa2UhAn5mAdIw4UVXLocmumsqbUvVSqXP9SXZwrst/2VMPaSa/6BraQcMZyAAg8h6HDCC2ciLHzpEcM9gEaLfwf7LmSUcRpMTLWHoKGUPh/5b84eph4uHWW+xii1s14ik/Ta+9Lcp7awXLWDwXWYS2DiWWSzM5Vdr3NaQk5aDKEgKBuOu9il0l30zvOXF9ciqChUKRRuOf/AductP9+FeVuHt8svEht7JP/5anQPrZGjzTeO1U66Z9hKXYxq/rCsr0Z0f28/KItPaoI8ie1QAsvxmVQ4XoiLjIUubmfxPjnyL0uH0nlNCbooWEyf+Fb8Em1G6ib2hpl6ghz96lOVO5DwjTa6fz+zjK5+wyWlYQOzDyIylmSmji0TQEge3f4bYgw==",
                            "ssh_keys.1": "ssh-rsa AAAAB3NzaC1yc2EAAAADAQABAAACAQC2i6QBDsYRlNsrLFtpDlrCXOZue9aymBoyFtsaAyhzr/2o27JOMIrILFGJ+kbJs/Awl6l9rVy9byo9trW4WQbLnHXvZzj1ESYZsZ3vRrS/0q9IxoIQp/EJE19ySirC4mCY2NzC9p2ApYfLGjsdzfn9ujm2NZUYX+tHS8KoG1S0LYIoGVPK344Ny26MHl9iDFB590W+qgHVrNDmlu5HoMbhJh4aMp9ye6/W+8gjUc3zxyepTi5X89tYoQXTbEmTrUhp2CC80PdC6z6bQx8ZfsOF90tzBpyQxQ7MjkjUk20DFKO7mUr7yBFFUB+tPgCYvAt5HPp45QIjZQBe1btR0vKy/T1CyteMy+9jUbt6rBQLsCmx1s2TgOyJQDEyOHgYz9iXeRi9cjthHXLDVZJvQoGgdpWj8t42lv+r/7DVzfXYTDJxJAuiPe5mL5WgzxYAZs7FXdfszfqu22F1DtNSbNAElupMUMuX3iTHlv5HRTQucjb6LzqsLVNiHOuz5SIkobn+R23OcxHTEYz1vdKGLl1TdXvBWSo/lUNVQRTw4s8WD6CyfFhFeGKdsbsYJexky1TDMpo0tbuvYCTpsDajYltskxBfqMKyAOBPQw0GrVelUNO9AYPYFVJ2q8mDCYqPKOUfaDlxeWnS/JoQtktdSwFNOnKfr+x9xT2vGHySBtOjgw==",
                            "username": "sakisv"
                        },
                        "meta": {},
                        "tainted": false
                    },
                    "deposed": [],
                    "provider": "provider.github"
                },
                "github_membership.org_membership": {
                    "type": "github_membership",
                    "depends_on": [],
                    "primary": {
                        "id": "alphagov:sakisv",
                        "attributes": {
                            "etag": "W/\"8c526b0c5bd674f7aeb16e74b7d6ae3f\"",
                            "id": "alphagov:sakisv",
                            "role": "member",
                            "username": "sakisv"
                        },
                        "meta": {},
                        "tainted": false
                    },
                    "deposed": [],
                    "provider": "provider.github"
                },
                "github_team_membership.team_membership.0": {
                    "type": "github_team_membership",
                    "depends_on": [],
                    "primary": {
                        "id": "2826127:sakisv",
                        "attributes": {
                            "etag": "W/\"c7e506ecd208bcc7243daaf44920a0bd\"",
                            "id": "2826127:sakisv",
                            "role": "member",
                            "team_id": "2826127",
                            "username": "sakisv"
                        },
                        "meta": {},
                        "tainted": false
                    },
                    "deposed": [],
                    "provider": "provider.github"
                },
                "github_team_membership.team_membership.1": {
                    "type": "github_team_membership",
                    "depends_on": [],
                    "primary": {
                        "id": "2826126:sakisv",
                        "attributes": {
                            "etag": "W/\"89a5e1ccc933daaaab9676a7c44ae276\"",
                            "id": "2826126:sakisv",
                            "role": "member",
                            "team_id": "2826126",
                            "username": "sakisv"
                        },
                        "meta": {},
                        "tainted": false
                    },
                    "deposed": [],
                    "provider": "provider.github"
                },
                "github_team_membership.team_membership.2": {
                    "type": "github_team_membership",
                    "depends_on": [],
                    "primary": {
                        "id": "2826120:sakisv",
                        "attributes": {
                            "etag": "W/\"52ff1b91ecb0bd8620f1df348927c0fa\"",
                            "id": "2826120:sakisv",
                            "role": "member",
                            "team_id": "2826120",
                            "username": "sakisv"
                        },
                        "meta": {},
                        "tainted": false
                    },
                    "deposed": [],
                    "provider": "provider.github"
                },
                "github_team_membership.team_membership.3": {
                    "type": "github_team_membership",
                    "depends_on": [],
                    "primary": {
                        "id": "2826125:sakisv",
                        "attributes": {
                            "etag": "W/\"0bdd16f08595fd9844f67dce6ab7bcb1\"",
                            "id": "2826125:sakisv",
                            "role": "member",
                            "team_id": "2826125",
                            "username": "sakisv"
                        },
                        "meta": {},
                        "tainted": false
                    },
                    "deposed": [],
                    "provider": "provider.github"
                },
                "github_team_membership.team_membership.4": {
                    "type": "github_team_membership",
                    "depends_on": [],
                    "primary": {
                        "id": "2915524:sakisv",
                        "attributes": {
                            "etag": "W/\"1811891f65ee897a6d1f68530ef6e939\"",
                            "id": "2915524:sakisv",
                            "role": "member",
                            "team_id": "2915524",
                            "username": "sakisv"
                        },
                        "meta": {},
                        "tainted": false
                    },
                    "deposed": [],
                    "provider": "provider.github"
                },
                "github_team_membership.team_membership.5": {
                    "type": "github_team_membership",
                    "depends_on": [],
                    "primary": {
                        "id": "2826122:sakisv",
                        "attributes": {
                            "etag": "W/\"3d623f4eade1ef8f578cd6a39b204c77\"",
                            "id": "2826122:sakisv",
                            "role": "member",
                            "team_id": "2826122",
                            "username": "sakisv"
                        },
                        "meta": {},
                        "tainted": false
                    },
                    "deposed": [],
                    "provider": "provider.github"
                }
            },
            "depends_on": []
        },
        {
            "path": [
                "root",
                "user_samcrang"
            ],
            "outputs": {},
            "resources": {
                "data.github_user.user": {
                    "type": "github_user",
                    "depends_on": [],
                    "primary": {
                        "id": "374579",
                        "attributes": {
                            "avatar_url": "https://avatars1.githubusercontent.com/u/374579?v=4",
                            "bio": "computers and whatnot",
                            "blog": "https://twitter.com/samcrang",
                            "company": "",
                            "email": "sam.crang@gmail.com",
                            "followers": "14",
                            "following": "12",
                            "gpg_keys.#": "1",
                            "gpg_keys.0": "xsFNBFeqMu4BEADAA/2/84+8ydfZ2axeLMrqrs3d5W3zA7q8OjoRujLYQ4zGN8f7eTdth+G2EELD/vGHeeJDJwTBOMhGU0yVfB8KUFB4UwXImVpY45Kj4C7FdN8mVOHWoXdFITecgsUnh+4M8U4EZ8STU68CDm+ZlCcqdGvz1NILbrG9TV7HPC/EW5hjTvWHnn0VvcoUeVykG/gr8BAesJMY55swQwzI8NhOVuoW5qLvGVtgitiziEqasKW/fNEHwxZ0FtT1i+diI7/8CZQKTKb8OB0SOCh7ZgktW+mJcKns96Ys/xhmXOYJQHS6EQwahcit9t3fpSfxL53tZCIeMjPpsLZ8qcfZEbeknAp/BPzgZ4gwhOcmWCdyb6bESwYZhMTPE/eP4smPefzMJGS7CAr23izPRhWzQZnu6D0S/Y5YOQ+GBUwfWD2+ZxV38vkb5tV7CYxHfZl2EITA4l9oXu/cP1t4E8hcqool0g+R1MiCWMAHBWL1jXi65Hdo1NvzmdIXwrSfi5EpxuPuFnTG/hZw8figOe5fRMFpI9L8WO6ctNElUT1WwlmPg0l4OQ8mendm3dPk7QdOIuTR4HAoLlK+y0iC2knZp1/ucYKFmdJdOtc3tGynLT31iGfLXxxSr0hA8bEYUneP+aqk0nN49RXvrf6t00cGOQPOH5+mpqX+iMG5fy0RvEJN8wARAQAB",
                            "gravatar_id": "",
                            "id": "374579",
                            "location": "London, UK",
                            "login": "samcrang",
                            "name": "Sam Crang",
                            "public_gists": "11",
                            "public_repos": "51",
                            "site_admin": "false",
                            "ssh_keys.#": "1",
                            "ssh_keys.0": "ssh-rsa AAAAB3NzaC1yc2EAAAADAQABAAACAQDHtO59/mISjM3EzlKPn3A38IdiJfhGekrR+RLMc9/+AoTFGjmIZRKNDHRHhD4q5GJVEmB9QXxSt0sv4b5ufr3PEJR0DEZ9fKL038nVZyV6OEbSzolif04iFGPHycmRU4zErm5vJyN/FJTxptwkPWlgpyBx4ctFICqtBGAivRqCg3l59icEtOTo94Paz8cFidI1YTolj6hG2KbrZWGG4DGZ6O9CjcSkyYk3BJLxPGLPS8rW/zy1Fp3qXA4q1CCpYi4FQ7o1L8l8OOkBp0Uwq332ijO0pezOt4CyGqMdmITKQpQS2kE1nJpMi9A+Flu/T9ZrgrRgm8NVARlSYUc0QmnQObzMtwmmLhY3K6nesToQraikhnMqpHnmYhtuHH3JYGC7zeLR8RHZqqb7LCLZf4jmNDQbAtCHVgo5sQxw84dZKNKqWIbD1Jbkd9vOoNUM2I/TJQDtwVjzljlWdzIq68q3IKZBJS1x/n35vlyyNaEHSs3TdM0yYnKDukFqWbflzwm7Zl+X1NsuRSAdmShc4jzDGreUm9fRUTY+vtTjbIyo+Sv4nmVmWEjV9NH/DL93m9yKn10ZOOgEp/OFGE/nvapV2v+jz96plC0GCKUgJ/KxFqbxfW6T596bODsqr66553Q+ZjT/yBHzN7tO3T4SXRdn/qQvPkP+yAg76wtPwiFspQ==",
                            "username": "samcrang"
                        },
                        "meta": {},
                        "tainted": false
                    },
                    "deposed": [],
                    "provider": "provider.github"
                },
                "github_membership.org_membership": {
                    "type": "github_membership",
                    "depends_on": [],
                    "primary": {
                        "id": "alphagov:samcrang",
                        "attributes": {
                            "etag": "W/\"a8bbce0c4a2e1cf8514e4ba1099e659b\"",
                            "id": "alphagov:samcrang",
                            "role": "member",
                            "username": "samcrang"
                        },
                        "meta": {},
                        "tainted": false
                    },
                    "deposed": [],
                    "provider": "provider.github"
                },
                "github_team_membership.team_membership.0": {
                    "type": "github_team_membership",
                    "depends_on": [],
                    "primary": {
                        "id": "2826122:samcrang",
                        "attributes": {
                            "etag": "W/\"6f0e50760ccbb6e24cd0fa90c2d2015a\"",
                            "id": "2826122:samcrang",
                            "role": "member",
                            "team_id": "2826122",
                            "username": "samcrang"
                        },
                        "meta": {},
                        "tainted": false
                    },
                    "deposed": [],
                    "provider": "provider.github"
                },
                "github_team_membership.team_membership.1": {
                    "type": "github_team_membership",
                    "depends_on": [],
                    "primary": {
                        "id": "2826121:samcrang",
                        "attributes": {
                            "etag": "W/\"f4ca59ba317ad22f1b1dbab5c91a5589\"",
                            "id": "2826121:samcrang",
                            "role": "member",
                            "team_id": "2826121",
                            "username": "samcrang"
                        },
                        "meta": {},
                        "tainted": false
                    },
                    "deposed": [],
                    "provider": "provider.github"
                },
                "github_team_membership.team_membership.2": {
                    "type": "github_team_membership",
                    "depends_on": [],
                    "primary": {
                        "id": "2826120:samcrang",
                        "attributes": {
                            "etag": "W/\"3349c05bbe29583057f9a4c3cef1a81d\"",
                            "id": "2826120:samcrang",
                            "role": "member",
                            "team_id": "2826120",
                            "username": "samcrang"
                        },
                        "meta": {},
                        "tainted": false
                    },
                    "deposed": [],
                    "provider": "provider.github"
                },
                "github_team_membership.team_membership.3": {
                    "type": "github_team_membership",
                    "depends_on": [],
                    "primary": {
                        "id": "2826126:samcrang",
                        "attributes": {
                            "etag": "W/\"4ba01f6ea53c333354036cb5ae83bdc1\"",
                            "id": "2826126:samcrang",
                            "role": "member",
                            "team_id": "2826126",
                            "username": "samcrang"
                        },
                        "meta": {},
                        "tainted": false
                    },
                    "deposed": [],
                    "provider": "provider.github"
                },
                "github_team_membership.team_membership.4": {
                    "type": "github_team_membership",
                    "depends_on": [],
                    "primary": {
                        "id": "2826123:samcrang",
                        "attributes": {
                            "etag": "W/\"8227801919a1269f0c86b349619d6220\"",
                            "id": "2826123:samcrang",
                            "role": "member",
                            "team_id": "2826123",
                            "username": "samcrang"
                        },
                        "meta": {},
                        "tainted": false
                    },
                    "deposed": [],
                    "provider": "provider.github"
                },
                "github_team_membership.team_membership.5": {
                    "type": "github_team_membership",
                    "depends_on": [],
                    "primary": {
                        "id": "2826125:samcrang",
                        "attributes": {
                            "etag": "W/\"5a715df8dc989fcc53526c058d7a5115\"",
                            "id": "2826125:samcrang",
                            "role": "member",
                            "team_id": "2826125",
                            "username": "samcrang"
                        },
                        "meta": {},
                        "tainted": false
                    },
                    "deposed": [],
                    "provider": "provider.github"
                },
                "github_team_membership.team_membership.6": {
                    "type": "github_team_membership",
                    "depends_on": [],
                    "primary": {
                        "id": "2915524:samcrang",
                        "attributes": {
                            "etag": "W/\"ab7ac031da7892213cb44b2626640aa0\"",
                            "id": "2915524:samcrang",
                            "role": "member",
                            "team_id": "2915524",
                            "username": "samcrang"
                        },
                        "meta": {},
                        "tainted": false
                    },
                    "deposed": [],
                    "provider": "provider.github"
                }
            },
            "depends_on": []
        },
        {
            "path": [
                "root",
                "user_sarahdean"
            ],
            "outputs": {},
            "resources": {
                "data.github_user.user": {
                    "type": "github_user",
                    "depends_on": [],
                    "primary": {
                        "id": "28869085",
                        "attributes": {
                            "avatar_url": "https://avatars2.githubusercontent.com/u/28869085?v=4",
                            "bio": "",
                            "blog": "",
                            "company": "",
                            "email": "",
                            "followers": "1",
                            "following": "0",
                            "gpg_keys.#": "0",
                            "gravatar_id": "",
                            "id": "28869085",
                            "location": "",
                            "login": "sarah-dean",
                            "name": "",
                            "public_gists": "0",
                            "public_repos": "2",
                            "site_admin": "false",
                            "ssh_keys.#": "1",
                            "ssh_keys.0": "ssh-rsa AAAAB3NzaC1yc2EAAAADAQABAAACAQDH0JgSldKKHgycFbJ+96rIT6mxlw0vAa3VskdFYbJpsXBfk72ATx5tykeGme9eMr9Lv/v4CFFUwC3zUJ+vGOkC80qUGObOLHyWU8/1J7un2Y3dqe3U6nHreoWmCkSz+P4kdhZ5qpCrPxhqgxi/xc+EBoetiZ6dxZQJEXWvssE0CTk16SBCYwo9r+Tthn1lyxr6wx4caEKCoBxP6keOhTIK81zpHc3MHPBJ1GPWAqeEwA+jMeUxVk/CCabIQ8X6SbxSalHcN2rbgWUChTd9nEWYGOCXf8+iAVIKTRtz3Q6ginjHWLq93Lij8w8ivaYQHEPOR1Yp9E3qcHe9UMXFnV9XsKO9cQbvqu/otGCRXr2HYyUHIH1vG9WgeitONhcUtA6GWm1eA2vxOCM34NFfLGriJdPSOZuiwg9ZkvrOuoLemAU0ZJAhzdOOZvUZ7f/LvwAP6m8OJQ86S9mRdnFl2LtzAblaj/m35H9LCEJZg8FOxTefYhlOLf4HBVQc5LK3Pc/T+6NXjX+4NLDAku6iqd6XFRpr2HSIP5TAVOu7geWXzZq0hfKwvnUTXeQd/D2/JU/NjIzYXFuugR98B6GYa8Va7n0oy9ZDLZjHZslNT6x2ZkmiTs8rtwMeqPHOpGUbhB3JG6wOJxbi9HVHIYXbDbAAksyZGXj5U0Ru5ydIuz91xQ==",
                            "username": "sarah-dean"
                        },
                        "meta": {},
                        "tainted": false
                    },
                    "deposed": [],
                    "provider": "provider.github"
                },
                "github_membership.org_membership": {
                    "type": "github_membership",
                    "depends_on": [],
                    "primary": {
                        "id": "alphagov:sarah-dean",
                        "attributes": {
                            "etag": "W/\"aa94960475b09a4934ad427908c3ee07\"",
                            "id": "alphagov:sarah-dean",
                            "role": "member",
                            "username": "sarah-dean"
                        },
                        "meta": {},
                        "tainted": false
                    },
                    "deposed": [],
                    "provider": "provider.github"
                },
                "github_team_membership.team_membership": {
                    "type": "github_team_membership",
                    "depends_on": [],
                    "primary": {
                        "id": "2826124:sarah-dean",
                        "attributes": {
                            "etag": "W/\"bcf360f33ca872317c10d26c4ca54273\"",
                            "id": "2826124:sarah-dean",
                            "role": "member",
                            "team_id": "2826124",
                            "username": "sarah-dean"
                        },
                        "meta": {},
                        "tainted": false
                    },
                    "deposed": [],
                    "provider": "provider.github"
                }
            },
            "depends_on": []
        },
        {
            "path": [
                "root",
                "user_smford"
            ],
            "outputs": {},
            "resources": {
                "data.github_user.user": {
                    "type": "github_user",
                    "depends_on": [],
                    "primary": {
                        "id": "11182275",
                        "attributes": {
                            "avatar_url": "https://avatars1.githubusercontent.com/u/11182275?v=4",
                            "bio": "",
                            "blog": "",
                            "company": "",
                            "email": "",
                            "followers": "1",
                            "following": "6",
                            "gpg_keys.#": "0",
                            "gravatar_id": "",
                            "id": "11182275",
                            "location": "London, UK",
                            "login": "smford",
                            "name": "",
                            "public_gists": "0",
                            "public_repos": "24",
                            "site_admin": "false",
                            "ssh_keys.#": "1",
                            "ssh_keys.0": "ssh-rsa AAAAB3NzaC1yc2EAAAADAQABAAACAQDEBg2FP6ILqRLUYB55iixIjYkLj3jrBrAOHecxgQUXEsO9nDynSKEsb5KRZYVf7RoV0+Gw+IqhcwULYzFTwfZV5KwOfA7xUhVy6YxBluUe50DpfBXR2uuOkzrjQg6c8wO0Ce0AoECcItTr5TQUgIUqhBvqw+dcp2qgLs1MXp0NbvnaQoxr8Hu6cn01v/H33z1HBRGbPCYESGmqr4HAldJJ7zrkSVVLxB7U2yhqCimHUjL2EUhnD6MEz3fV/wLiWYOJYf/nqfKFbL530LxG9SDE3WdsqFZk8T3gmT+Q4BGQsPT8jdbAoyE5zA13LpKeDaJxjjiI/Nc+eD+hKb1CDevqKstCrs1f0kznxxQTksxxLErEmqhxovqr2k9CJAA0Q3nrvs7p+F9jQgcQtNLYvJWhU4/xUEfDIsDlzUnw3loGhtNsvm0qCAyNTDg8Km86zGp3qOMwSpWo6J+O5zR0VK3bKkIOWVLovKvM16OmcGz8Ye8IngNVtOcZX6sSBkotjR/l163RvsKADSie/foQw3F/4xm0zzpyUoPY2Fzm6o1yBZhgXwBcmvKd2X1uDlL7a9gLi39YQfCakuA4qFX2lqFo2Zv7kMypKQEVHRuUY+VwQzDSurLnP+qfb4rlVxoSYy5LiRcRlKdQHr+dDkpzx/5uBKHeQoMDUnL4pV60YEP5Nw==",
                            "username": "smford"
                        },
                        "meta": {},
                        "tainted": false
                    },
                    "deposed": [],
                    "provider": "provider.github"
                },
                "github_membership.org_membership": {
                    "type": "github_membership",
                    "depends_on": [],
                    "primary": {
                        "id": "alphagov:smford",
                        "attributes": {
                            "etag": "W/\"7ed3ecf849e01b61dbcd4ad467f01845\"",
                            "id": "alphagov:smford",
                            "role": "admin",
                            "username": "smford"
                        },
                        "meta": {},
                        "tainted": false
                    },
                    "deposed": [],
                    "provider": "provider.github"
                },
                "github_team_membership.team_membership.0": {
                    "type": "github_team_membership",
                    "depends_on": [],
                    "primary": {
                        "id": "2826127:smford",
                        "attributes": {
                            "etag": "W/\"f28c15b1ba263d796ad2f91e97d7f01c\"",
                            "id": "2826127:smford",
                            "role": "maintainer",
                            "team_id": "2826127",
                            "username": "smford"
                        },
                        "meta": {},
                        "tainted": false
                    },
                    "deposed": [],
                    "provider": "provider.github"
                },
                "github_team_membership.team_membership.1": {
                    "type": "github_team_membership",
                    "depends_on": [],
                    "primary": {
                        "id": "2826126:smford",
                        "attributes": {
                            "etag": "W/\"b92418405704fe03bd9b5971df076c33\"",
                            "id": "2826126:smford",
                            "role": "maintainer",
                            "team_id": "2826126",
                            "username": "smford"
                        },
                        "meta": {},
                        "tainted": false
                    },
                    "deposed": [],
                    "provider": "provider.github"
                },
                "github_team_membership.team_membership.2": {
                    "type": "github_team_membership",
                    "depends_on": [],
                    "primary": {
                        "id": "2826120:smford",
                        "attributes": {
                            "etag": "W/\"33e82e958329075ee76b51875c622797\"",
                            "id": "2826120:smford",
                            "role": "maintainer",
                            "team_id": "2826120",
                            "username": "smford"
                        },
                        "meta": {},
                        "tainted": false
                    },
                    "deposed": [],
                    "provider": "provider.github"
                },
                "github_team_membership.team_membership.3": {
                    "type": "github_team_membership",
                    "depends_on": [],
                    "primary": {
                        "id": "2826125:smford",
                        "attributes": {
                            "etag": "W/\"ecbd3bd1d86bcc5442a5bfb97d6496b9\"",
                            "id": "2826125:smford",
                            "role": "maintainer",
                            "team_id": "2826125",
                            "username": "smford"
                        },
                        "meta": {},
                        "tainted": false
                    },
                    "deposed": [],
                    "provider": "provider.github"
                },
                "github_team_membership.team_membership.4": {
                    "type": "github_team_membership",
                    "depends_on": [],
                    "primary": {
                        "id": "2915524:smford",
                        "attributes": {
                            "etag": "W/\"ccc6f98a1e3967239c913691eb80da7f\"",
                            "id": "2915524:smford",
                            "role": "maintainer",
                            "team_id": "2915524",
                            "username": "smford"
                        },
                        "meta": {},
                        "tainted": false
                    },
                    "deposed": [],
                    "provider": "provider.github"
                },
                "github_team_membership.team_membership.5": {
                    "type": "github_team_membership",
                    "depends_on": [],
                    "primary": {
                        "id": "2826122:smford",
                        "attributes": {
                            "etag": "W/\"9c5a1c40f67f2ba97e55f1e4aed7acce\"",
                            "id": "2826122:smford",
                            "role": "maintainer",
                            "team_id": "2826122",
                            "username": "smford"
                        },
                        "meta": {},
                        "tainted": false
                    },
                    "deposed": [],
                    "provider": "provider.github"
                }
            },
            "depends_on": []
        },
        {
            "path": [
                "root",
                "user_szd55gds"
            ],
            "outputs": {},
            "resources": {
                "data.github_user.user": {
                    "type": "github_user",
                    "depends_on": [],
                    "primary": {
                        "id": "39911926",
                        "attributes": {
                            "avatar_url": "https://avatars2.githubusercontent.com/u/39911926?v=4",
                            "bio": "",
                            "blog": "",
                            "company": "",
                            "email": "",
                            "followers": "1",
                            "following": "0",
                            "gpg_keys.#": "0",
                            "gravatar_id": "",
                            "id": "39911926",
                            "location": "",
                            "login": "szd55gds",
                            "name": "",
                            "public_gists": "0",
                            "public_repos": "0",
                            "site_admin": "false",
                            "ssh_keys.#": "1",
                            "ssh_keys.0": "ssh-rsa AAAAB3NzaC1yc2EAAAADAQABAAACAQC5wO2B/2a6VEm/Ccs+vuv8F5zV3JcuKDSwPzruA1BhzQdsaHKWzDEzwEcmaZZ2dnbDQ1LDCro/Y974Pq4qzgQhKTSn5RXCgX1za88MKYR53W8opfLu3sTzO0cuJZ/3EAjYpxGHtpFvmtFst32BuAP3R7Gj0ypBan5ia2GCsdWbJ8c78oyzHnj3a8Kq5UaLNReByePGRK7PiZh71V9C2bDf0i8RwF/wHwgrjFUaTd2kV8wAXKLgIvz4KycSc1/ep/IhFpdemcrPXnHR6IPnMjUZzFfsIUF0CNbGRqbWvvNZVi5WEIwg9HQOBSY7D9tWuo1ma1RudQLd6ZvB8c9h9iKnWdxBJpERRL+2OOVXFeUsOd1VjLeil2KvP1DlhLjHEvYjXGtUjLVBLX58rpP6LE0Hv/pRmnYIoEufYfP09nPpfFCMN/kRSEMjx8LuGiIGSJKz0vrS3DqojsytRKQ9gwdTjmgv8XMjCjxuXCQjFMP9LKUoaPiKTSlfG3mGoXQdMIxc/FyyuxLDRxdIA0EYgUcYEDZdelo+qSM4tEo8RuEh7CslS/TrGaGckYbAvOrlI+HFRtI+93TBvaV91LSCkjprez4Tl9DG8Aq+8+gFp67GqO9ytTbmgbtwpSnkyIqNxW9eR4HEU3+egl300rYcC4P6GjhTcZ5s0LgL/OsXVkMAuQ==",
                            "username": "szd55gds"
                        },
                        "meta": {},
                        "tainted": false
                    },
                    "deposed": [],
                    "provider": "provider.github"
                },
                "github_membership.org_membership": {
                    "type": "github_membership",
                    "depends_on": [],
                    "primary": {
                        "id": "alphagov:szd55gds",
                        "attributes": {
                            "etag": "W/\"1120b2d50d3a317a096c822ce8c4e57e\"",
                            "id": "alphagov:szd55gds",
                            "role": "member",
                            "username": "szd55gds"
                        },
                        "meta": {},
                        "tainted": false
                    },
                    "deposed": [],
                    "provider": "provider.github"
                },
                "github_team_membership.team_membership.0": {
                    "type": "github_team_membership",
                    "depends_on": [],
                    "primary": {
                        "id": "2826127:szd55gds",
                        "attributes": {
                            "etag": "W/\"4c822b76c2d9bee06b785e76441b0b84\"",
                            "id": "2826127:szd55gds",
                            "role": "member",
                            "team_id": "2826127",
                            "username": "szd55gds"
                        },
                        "meta": {},
                        "tainted": false
                    },
                    "deposed": [],
                    "provider": "provider.github"
                },
                "github_team_membership.team_membership.1": {
                    "type": "github_team_membership",
                    "depends_on": [],
                    "primary": {
                        "id": "2826126:szd55gds",
                        "attributes": {
                            "etag": "W/\"93d58aec70da97ac1f8600b28074001b\"",
                            "id": "2826126:szd55gds",
                            "role": "member",
                            "team_id": "2826126",
                            "username": "szd55gds"
                        },
                        "meta": {},
                        "tainted": false
                    },
                    "deposed": [],
                    "provider": "provider.github"
                },
                "github_team_membership.team_membership.2": {
                    "type": "github_team_membership",
                    "depends_on": [],
                    "primary": {
                        "id": "2826120:szd55gds",
                        "attributes": {
                            "etag": "W/\"57cc296d8f4f149693986844e6546d5d\"",
                            "id": "2826120:szd55gds",
                            "role": "member",
                            "team_id": "2826120",
                            "username": "szd55gds"
                        },
                        "meta": {},
                        "tainted": false
                    },
                    "deposed": [],
                    "provider": "provider.github"
                },
                "github_team_membership.team_membership.3": {
                    "type": "github_team_membership",
                    "depends_on": [],
                    "primary": {
                        "id": "2826125:szd55gds",
                        "attributes": {
                            "etag": "W/\"5ea04dac0242ed7561efe894c7762d0d\"",
                            "id": "2826125:szd55gds",
                            "role": "member",
                            "team_id": "2826125",
                            "username": "szd55gds"
                        },
                        "meta": {},
                        "tainted": false
                    },
                    "deposed": [],
                    "provider": "provider.github"
                },
                "github_team_membership.team_membership.4": {
                    "type": "github_team_membership",
                    "depends_on": [],
                    "primary": {
                        "id": "2915524:szd55gds",
                        "attributes": {
                            "etag": "W/\"28893b6e207f2012e5c18f9fc3afe62b\"",
                            "id": "2915524:szd55gds",
                            "role": "member",
                            "team_id": "2915524",
                            "username": "szd55gds"
                        },
                        "meta": {},
                        "tainted": false
                    },
                    "deposed": [],
                    "provider": "provider.github"
                },
                "github_team_membership.team_membership.5": {
                    "type": "github_team_membership",
                    "depends_on": [],
                    "primary": {
                        "id": "2826122:szd55gds",
                        "attributes": {
                            "etag": "W/\"9e53a8e12a616981b3b8d3a1ce15d706\"",
                            "id": "2826122:szd55gds",
                            "role": "member",
                            "team_id": "2826122",
                            "username": "szd55gds"
                        },
                        "meta": {},
                        "tainted": false
                    },
                    "deposed": [],
                    "provider": "provider.github"
                }
            },
            "depends_on": []
        },
        {
            "path": [
                "root",
                "user_thomasalanlee"
            ],
            "outputs": {},
            "resources": {
                "data.github_user.user": {
                    "type": "github_user",
                    "depends_on": [],
                    "primary": {
                        "id": "845102",
                        "attributes": {
                            "avatar_url": "https://avatars3.githubusercontent.com/u/845102?v=4",
                            "bio": "",
                            "blog": "",
                            "company": "",
                            "email": "",
                            "followers": "1",
                            "following": "1",
                            "gpg_keys.#": "0",
                            "gravatar_id": "",
                            "id": "845102",
                            "location": "",
                            "login": "thomasalanlee",
                            "name": "",
                            "public_gists": "0",
                            "public_repos": "12",
                            "site_admin": "false",
                            "ssh_keys.#": "2",
                            "ssh_keys.0": "ssh-rsa AAAAB3NzaC1yc2EAAAADAQABAAACAQDoqz1Sk/MAuxujtpknd5sIy7L7it/yYrNjtY0V7TYh8WDseJp8xAszP5HJttW7QItOw4AUJjC+6RnvbIOWzjT7sShPYwL1ZaijR0UoVmCyqZ0PXQAqODffB1fh85gIXe429azpRRCF9Cq362bYD0zsL2rlMU6lpbXoAJ2xuoDCYkwMGwUvYYMCTezPvwSq5LcAJhpfH6dXuRSOxOHBcyK1+9lVAlGzHk1vpPUZ8JxOvQhn7XP6aeTCeeMkrOwJO4SLBVxN9Pk/Y3huuZ5ZZ58Xn4wUTFzWWskyzCs+Ap7sms+OfqKhlFbwiivabia6D+ZHyeYjdhRnfNcEkh/8WmqS4BCaIUpmfBVmQTKF9nHVrd0T4NxFbedfEnkboYP3U1bY26vuldU9PnwrRXskM73zA6c2sBXv10ypeH2Skn3DbUe/ln8uEp5Ingo0Ze2zTYbkSTKGgV1Wh6/2LH8ZbFHhxt3/xe/ouxllej/4fLdegozCCv52iDZV8opM7UfNUUTdxFk5r3X1UplLLSI+9oN9RuTL1d0M9229BwI0xgGC+CvMb0nICTiSvj3q10BLgg9ZMExfjUrjIniRVb5v81tvFbh9ENhA7gIyYJIeHwfyzm8QG8SHFQKbuXn4RJjdJ9WBalbYlS0GBAgtV+nOvOBeaqucpRLO7BSw4eFOPs3wow==",
                            "ssh_keys.1": "ssh-rsa AAAAB3NzaC1yc2EAAAADAQABAAACAQC4j69qoUjCZACWDZLW6gbGD2ZmIABS/Og34/ueoOY7Kt7J+sMxZADZq0CUtvTSx4eTekFIXFhAcwAy7+drKPvcyYFWiAbP3mmuWuQCtNffo++xOgoCKt1AcB2lK9fP79Vu/xBNe7JCzebRIEm/n+57C7p/qdb+Ex7McYyW9R2IedyhE5WxuazBp6nd+Zl/WroSJkmItiHkVFpZVbgR9oVWDB+Nst4KcPZl5BdivPc93VBzIobeKB5FgkRSHc1mKFCrxYC6RTHdWnIQAfrZGxRhxMiG8gQNuy/tk6JD6/7t3LGMYWV7s+MM2YrgV2jsY47GP0AlczStjV3RUn1aXqRlzx4BAqNYq8h3v/vuG/MH8nbC4tje4cjXsSqEuKAVnuOQpNIGICP1kVgaSER2EPCbvZ4ce8bMex1VulfIoDRnl0kYX2SJjYDPgfB0FY57Hr1P8ZYKsWnFV3UiQTz2YX0TU6iO9NSiF1u3RXdjUHf6FiRYzUsHmm6k9Rr7odL8UKUfSC/3OskvCJLqFtmeFph20wndXR5Pp9mpN9Y3x49NrYar539o3PCgZUzp/XQqiz9/TvSIH3QCyGeJja/7EHIj/4OxA77NBZe/Bb/Vy9joyPrLs61M2E1zqzp7lUzexTd9nPtlwR8OXeNOTzr/vI7RmxjWLUlmOtbAQ5zY9A0lNw==",
                            "username": "thomasalanlee"
                        },
                        "meta": {},
                        "tainted": false
                    },
                    "deposed": [],
                    "provider": "provider.github"
                },
                "github_membership.org_membership": {
                    "type": "github_membership",
                    "depends_on": [],
                    "primary": {
                        "id": "alphagov:thomasalanlee",
                        "attributes": {
                            "etag": "W/\"4b6dc03ca44086e5c3807d25923147f8\"",
                            "id": "alphagov:thomasalanlee",
                            "role": "admin",
                            "username": "thomasalanlee"
                        },
                        "meta": {},
                        "tainted": false
                    },
                    "deposed": [],
                    "provider": "provider.github"
                },
                "github_team_membership.team_membership.0": {
                    "type": "github_team_membership",
                    "depends_on": [],
                    "primary": {
                        "id": "2826122:thomasalanlee",
                        "attributes": {
                            "etag": "W/\"ec820ffc2511a27dbfac11bd12c8d0d8\"",
                            "id": "2826122:thomasalanlee",
                            "role": "maintainer",
                            "team_id": "2826122",
                            "username": "thomasalanlee"
                        },
                        "meta": {},
                        "tainted": false
                    },
                    "deposed": [],
                    "provider": "provider.github"
                },
                "github_team_membership.team_membership.1": {
                    "type": "github_team_membership",
                    "depends_on": [],
                    "primary": {
                        "id": "2826127:thomasalanlee",
                        "attributes": {
                            "etag": "W/\"0573e64847324fec0a149794b2f8ad82\"",
                            "id": "2826127:thomasalanlee",
                            "role": "maintainer",
                            "team_id": "2826127",
                            "username": "thomasalanlee"
                        },
                        "meta": {},
                        "tainted": false
                    },
                    "deposed": [],
                    "provider": "provider.github"
                },
                "github_team_membership.team_membership.2": {
                    "type": "github_team_membership",
                    "depends_on": [],
                    "primary": {
                        "id": "2826126:thomasalanlee",
                        "attributes": {
                            "etag": "W/\"0ae64af789563cd08f508299843234b0\"",
                            "id": "2826126:thomasalanlee",
                            "role": "maintainer",
                            "team_id": "2826126",
                            "username": "thomasalanlee"
                        },
                        "meta": {},
                        "tainted": false
                    },
                    "deposed": [],
                    "provider": "provider.github"
                },
                "github_team_membership.team_membership.3": {
                    "type": "github_team_membership",
                    "depends_on": [],
                    "primary": {
                        "id": "2826121:thomasalanlee",
                        "attributes": {
                            "etag": "W/\"938f8e7c888ed436ce00e5a8d71e3294\"",
                            "id": "2826121:thomasalanlee",
                            "role": "maintainer",
                            "team_id": "2826121",
                            "username": "thomasalanlee"
                        },
                        "meta": {},
                        "tainted": false
                    },
                    "deposed": [],
                    "provider": "provider.github"
                },
                "github_team_membership.team_membership.4": {
                    "type": "github_team_membership",
                    "depends_on": [],
                    "primary": {
                        "id": "2826120:thomasalanlee",
                        "attributes": {
                            "etag": "W/\"cd81cf34f4cd409d971a0290e23a727e\"",
                            "id": "2826120:thomasalanlee",
                            "role": "maintainer",
                            "team_id": "2826120",
                            "username": "thomasalanlee"
                        },
                        "meta": {},
                        "tainted": false
                    },
                    "deposed": [],
                    "provider": "provider.github"
                },
                "github_team_membership.team_membership.5": {
                    "type": "github_team_membership",
                    "depends_on": [],
                    "primary": {
                        "id": "2826123:thomasalanlee",
                        "attributes": {
                            "etag": "W/\"e37706c648af7547fe0d4416a8e43e0e\"",
                            "id": "2826123:thomasalanlee",
                            "role": "maintainer",
                            "team_id": "2826123",
                            "username": "thomasalanlee"
                        },
                        "meta": {},
                        "tainted": false
                    },
                    "deposed": [],
                    "provider": "provider.github"
                },
                "github_team_membership.team_membership.6": {
                    "type": "github_team_membership",
                    "depends_on": [],
                    "primary": {
                        "id": "2826125:thomasalanlee",
                        "attributes": {
                            "etag": "W/\"8aa71b906fad8f6fa8971d867f9c28bb\"",
                            "id": "2826125:thomasalanlee",
                            "role": "maintainer",
                            "team_id": "2826125",
                            "username": "thomasalanlee"
                        },
                        "meta": {},
                        "tainted": false
                    },
                    "deposed": [],
                    "provider": "provider.github"
                },
                "github_team_membership.team_membership.7": {
                    "type": "github_team_membership",
                    "depends_on": [],
                    "primary": {
                        "id": "2915520:thomasalanlee",
                        "attributes": {
                            "etag": "W/\"e4a6e865bfd7e864a5ea0f437b128bad\"",
                            "id": "2915520:thomasalanlee",
                            "role": "maintainer",
                            "team_id": "2915520",
                            "username": "thomasalanlee"
                        },
                        "meta": {},
                        "tainted": false
                    },
                    "deposed": [],
                    "provider": "provider.github"
                },
                "github_team_membership.team_membership.8": {
                    "type": "github_team_membership",
                    "depends_on": [],
                    "primary": {
                        "id": "2826124:thomasalanlee",
                        "attributes": {
                            "etag": "W/\"19cc4c4cc7caf7f07e3d2b01442f2cd7\"",
                            "id": "2826124:thomasalanlee",
                            "role": "maintainer",
                            "team_id": "2826124",
                            "username": "thomasalanlee"
                        },
                        "meta": {},
                        "tainted": false
                    },
                    "deposed": [],
                    "provider": "provider.github"
                },
                "github_team_membership.team_membership.9": {
                    "type": "github_team_membership",
                    "depends_on": [],
                    "primary": {
                        "id": "2915524:thomasalanlee",
                        "attributes": {
                            "etag": "W/\"e83f68925d1b4dc2cde153424fc30b3e\"",
                            "id": "2915524:thomasalanlee",
                            "role": "maintainer",
                            "team_id": "2915524",
                            "username": "thomasalanlee"
                        },
                        "meta": {},
                        "tainted": false
                    },
                    "deposed": [],
                    "provider": "provider.github"
                }
            },
            "depends_on": []
        },
        {
            "path": [
                "root",
                "user_tlwr"
            ],
            "outputs": {},
            "resources": {
                "data.github_user.user": {
                    "type": "github_user",
                    "depends_on": [],
                    "primary": {
                        "id": "1482692",
                        "attributes": {
                            "avatar_url": "https://avatars2.githubusercontent.com/u/1482692?v=4",
                            "bio": "☁️ @ gds",
                            "blog": "https://www.toby.codes",
                            "company": "@alphagov",
                            "email": "toby@toby.codes",
                            "followers": "51",
                            "following": "84",
                            "gpg_keys.#": "1",
                            "gpg_keys.0": "xsFNBFnNBIkBEADKCOZV4iP35k4kTpVVtyu5Qv4D8dbXutDhZu7o/Kd3ukLeQigGPXKygYoaUf8MvLKyZRzNSCDwbtDKI58axPxHaDeys3Yflc3201dqymJWaicGG7GlgkcUjItmUs8i9kgWJL7olL2I96a/Gp2kwCMnCGXcn8mkuXDlyJcvJQRwtnYeDWU6n5wlgvIIZ3jivRnznaJEQlKvJ7k5nWSHK2/sgTjeVVGbYcAThcSY17efCbhMWvzjXXka2EanlVwd/xWW4E/cu5SIcvmqAy9NUTPzomFjkoOA4yuo/VGDttpWhLj0Va09hWAaVDTrEQNWiWAQ03R/6l9kwFEmG0iwK/UC3zFzbPmWpOcLbaFX20aRS+mYDp6Q5QPVPnmGaN+HXDq1diazmsPf3VUHPWv1/VHoMj4KXi/cjEMo6/9jwAicWVn25A2CKRNUc6sSKlzGL0CtfIkJUCmbUSUNiB/bJfShjHjUlnbKVovZfFeRYXWHMQhJlaOObYo+HoY7wOwixdEsvu5VoA0/aKM2BLlfWQtdL8aNiUlXvtgusu5kBKoyTT7dJD7KLBfUCoMNQtuBFCdXmeCkxD/1HYfZMTO5MA/VFB7zmYpRyUXGEtGhWirMmzdogeZC2aqEbOh62Az2O9Xn3sWONFzvbFTZTDbFW5Q1vnjc8AJdZwSKhHfuz//kdwARAQAB",
                            "gravatar_id": "",
                            "id": "1482692",
                            "location": "London",
                            "login": "tlwr",
                            "name": "Toby Lorne",
                            "public_gists": "3",
                            "public_repos": "24",
                            "site_admin": "false",
                            "ssh_keys.#": "3",
                            "ssh_keys.0": "ssh-rsa AAAAB3NzaC1yc2EAAAADAQABAAACAQDUl6BPP1zkdT+gUdm51s8pIxaozKW4C027rexuHHzmr94IX6Qcv2Yldt0hqilqk7KQe5zQKAap4FhjG1ymdr23ze2MIaSGdLEqj+7oxhykzJOZDrcOZsrau0KSusFn8AuTryb9bdhQgf7XQ97I91lL/JgLTgov6laSSZQLDHVnqTOYua0QC0Qr4fqjKyCJr2QRJ/CS2qZeujZUXKe888pPYjfxCMK+47QiJpXHxb2H3BfWwRvSoLMTvL7GEFXNoQp1F9Ke92EYpoWTseFy7nIkAz8OIadTPeJlLGEK0D5gZds63nJrIxHDwXCiiLOM9FIqW3c2H9QMi4zEX1lkn++E3zygfF7QTeYlcMvPUJuThmKROYchkuIR0OOzIAqQPSyjXp8y5SaS1gxjzfT5pcyu4cfSoTMKZnQzxx5mu9kY429HeDmU6BBsSvBB3HgSG60xQSrrKY3kGYHdl12gYjwo/FO1I45bpbsY7ZzKtj6yK3paEA+n+dtplvLddD/5rKiFaqkP775kz6F+/DA5OY9mUnfPpoAPtuoU+qP72gLVh0hm6a+FFC1ZXibnIN1RggTD8R6CA8/i8HlwTDxaptUsN0r229Bzb/XdkdOLzPYxHoSdW2iJd44b0XfebCRlZMTVM9FP12hnWQo8sUjNnN0HKI83riO2K/QsVQXEtDNtSw==",
                            "ssh_keys.1": "ssh-rsa AAAAB3NzaC1yc2EAAAADAQABAAACAQDDB1eukB2gsbFOFMyYlNF7bqJrT8QF/cjDZ1tRvFyNJuqqkUDGHaMjongZ265xd+1vuPtFPEDCR7zF4YW1v39Dgf2QJD4UP2/Zyf7Wg0C7gB9iRg+bDguNmkMheKufFH9SIz0PuX6S0UBGPfSd2Q2uxR9MArTHQhBMAqaHSG42m/9w3BWv7JvJ5mxHTSWxVxEEbHUlK8ZVzsh5xt57uggG5Um4Jhls2mU4zR7P8zRkDfc6+ytojzZnrX8SFY/afu7b+tsxUEhkdpVrhq08Sx0HL2toGk4Kap8REYEMP8/EDFz9z3JxzVmB/LoAPUq87sJT4Mtmg0qexEty7PpSZti+Zz4pEuFM4SzK9Ty9A63PiVVf6ebaRe7bjM1WZsgfVFmTJhjZsbVoLeUKCZPkitWZFA+/kP7wK2g8g1NAd3HrM73q2i6o9luDDJqUlnLtDNf6u3znkbfmsIBko4WPCZB8oInYP+DgQ4yhpF9Au3nZIzmfNYW73qBKxTEgUhbI+h16zwsMr0TQ2o6nR3hZsRtIX/jGlSCj3+Rv36WL+Bga+fHW3QnwzLltk6wPQxWEA7Iyi+Ukulc7lAXqKOossMJQWHpgc6LkjJjUORQKqAVfwSTQFNB8WS9abAtgZwjjtJsDP9XmWABW5EDmQFuLq+5uCSzhc9iEA3DVi7hNj2L+yw==",
                            "ssh_keys.2": "ssh-rsa AAAAB3NzaC1yc2EAAAADAQABAAACAQDDFBXMDp6M7oo/2xQWgJIuAat9nMj5U1faZ8bAKTv0FkysBRWXPyr3DjkyJBjB9ScgmY8DHQOnxwiNn4mKDyD2niiFiVNtkYd06+/OaT1BtoM0H9ScUCOg6KEV7sywFdIpdaxl3GuA3wNTMVsjfwxaiSst+4+6aDIsq5hF657u5PuJntDNTXUfnH+7dCYJqSjWeaWktRDJQsHJchGNrzwudJGlyfQZ8cjHx9bSMkADkvZwriu2GKYvl8FZNDbix8v/d3/sNPGMH5LrwQNVIH1HZ9dZFj/lveFqQx1ayRLJotBx9nS3sl7XDsrlHgdKjVmWYdNiP6O3mU3BRnq/2je2BiCQNdEAmKPFGceV08ZjcnwUKY+PqJwtICwFNDkKD8ssbGovqbixpkFDudLwJ3JTM6ROocrFtcmC+PQvSSLSpqNlOr9JImGI6CqZqaAZHrlv/A2A+wcaFmbjdVguQXI8DzDzoE9BMIJ3Eg0INVPCiLybU/UFxGF5yrtihGeTzykYhjKyGMpsuHyuyZQfXYtP+tnajFXonnHJd86UReCoaFpy1f91x96jStLAAk3mqhq21Dp6TiEN/R2/pZW4AwUd7m4Gnuif8ovCayBrnHjPNNr4FL/Vj4arxYyTdJPInweIoCXuq5NPPVHuxn89D3lZIGcNvFygQebxfGvwe69QJQ==",
                            "username": "tlwr"
                        },
                        "meta": {},
                        "tainted": false
                    },
                    "deposed": [],
                    "provider": "provider.github"
                },
                "github_membership.org_membership": {
                    "type": "github_membership",
                    "depends_on": [],
                    "primary": {
                        "id": "alphagov:tlwr",
                        "attributes": {
                            "etag": "W/\"ae4e639dc5055bec34eed6f8d6b2d400\"",
                            "id": "alphagov:tlwr",
                            "role": "admin",
                            "username": "tlwr"
                        },
                        "meta": {},
                        "tainted": false
                    },
                    "deposed": [],
                    "provider": "provider.github"
                },
                "github_team_membership.team_membership.0": {
                    "type": "github_team_membership",
                    "depends_on": [],
                    "primary": {
                        "id": "2826127:tlwr",
                        "attributes": {
                            "etag": "W/\"c5d2f1c4b95b8a80f675657b22be6b66\"",
                            "id": "2826127:tlwr",
                            "role": "maintainer",
                            "team_id": "2826127",
                            "username": "tlwr"
                        },
                        "meta": {},
                        "tainted": false
                    },
                    "deposed": [],
                    "provider": "provider.github"
                },
                "github_team_membership.team_membership.1": {
                    "type": "github_team_membership",
                    "depends_on": [],
                    "primary": {
                        "id": "2826126:tlwr",
                        "attributes": {
                            "etag": "W/\"c6c422e807d1b827b32be55933f8fae1\"",
                            "id": "2826126:tlwr",
                            "role": "maintainer",
                            "team_id": "2826126",
                            "username": "tlwr"
                        },
                        "meta": {},
                        "tainted": false
                    },
                    "deposed": [],
                    "provider": "provider.github"
                },
                "github_team_membership.team_membership.2": {
                    "type": "github_team_membership",
                    "depends_on": [],
                    "primary": {
                        "id": "2826120:tlwr",
                        "attributes": {
                            "etag": "W/\"7e3d7059d47d746883f5254ff92b1b34\"",
                            "id": "2826120:tlwr",
                            "role": "maintainer",
                            "team_id": "2826120",
                            "username": "tlwr"
                        },
                        "meta": {},
                        "tainted": false
                    },
                    "deposed": [],
                    "provider": "provider.github"
                },
                "github_team_membership.team_membership.3": {
                    "type": "github_team_membership",
                    "depends_on": [],
                    "primary": {
                        "id": "2826125:tlwr",
                        "attributes": {
                            "etag": "W/\"bc811ab0635544d80f2edbaa18b44418\"",
                            "id": "2826125:tlwr",
                            "role": "maintainer",
                            "team_id": "2826125",
                            "username": "tlwr"
                        },
                        "meta": {},
                        "tainted": false
                    },
                    "deposed": [],
                    "provider": "provider.github"
                },
                "github_team_membership.team_membership.4": {
                    "type": "github_team_membership",
                    "depends_on": [],
                    "primary": {
                        "id": "2915524:tlwr",
                        "attributes": {
                            "etag": "W/\"3b61be40bf6a4b303707439a6e4e4bc5\"",
                            "id": "2915524:tlwr",
                            "role": "maintainer",
                            "team_id": "2915524",
                            "username": "tlwr"
                        },
                        "meta": {},
                        "tainted": false
                    },
                    "deposed": [],
                    "provider": "provider.github"
                },
                "github_team_membership.team_membership.5": {
                    "type": "github_team_membership",
                    "depends_on": [],
                    "primary": {
                        "id": "2826122:tlwr",
                        "attributes": {
                            "etag": "W/\"765feced7c1388f3dc1d88d9710db12b\"",
                            "id": "2826122:tlwr",
                            "role": "maintainer",
                            "team_id": "2826122",
                            "username": "tlwr"
                        },
                        "meta": {},
                        "tainted": false
                    },
                    "deposed": [],
                    "provider": "provider.github"
                }
            },
            "depends_on": []
        },
        {
            "path": [
                "root",
                "user_tomrosier"
            ],
            "outputs": {},
            "resources": {
                "data.github_user.user": {
                    "type": "github_user",
                    "depends_on": [],
                    "primary": {
                        "id": "14276821",
                        "attributes": {
                            "avatar_url": "https://avatars2.githubusercontent.com/u/14276821?v=4",
                            "bio": "",
                            "blog": "",
                            "company": "",
                            "email": "",
                            "followers": "4",
                            "following": "0",
                            "gpg_keys.#": "0",
                            "gravatar_id": "",
                            "id": "14276821",
                            "location": "",
                            "login": "tomrosier",
                            "name": "Tom Rosier",
                            "public_gists": "1",
                            "public_repos": "5",
                            "site_admin": "false",
                            "ssh_keys.#": "1",
                            "ssh_keys.0": "ssh-rsa AAAAB3NzaC1yc2EAAAADAQABAAACAQDDGWSKRdTgkxVDGVQ3UOok7lXQMrNqqERMch0jFuuPPdDXhJ9CjL36soUh1JYpNKUGRyHy8Y+H4U3AwAP+0AoCcXE7OOPByNrab8O4G+VslODeH/wClAjE5YqcH51K+1BGzJ4KvscoxW07nr2pz/i2YLoSqL6jiD1c7zn6PoevEoxBk1Z7/WJFkggzLoOOzjPNwYN1GeWWs/R4+S5ALQn1QGIsBB4vLOUo+zMSPl6KWQR7TEkl1yMqKeDKFM1zFfzul2eoiyUekzFQdixh7dWH+dLjAAz9H2TS/nvIcr3jQ5egA65AH9kSobvawzjBEKuWDjKPm/MdAEGtDldIEemvWS28n3NK8HFJn2lQliKYTh86Nly+79sBLFU6OC3YvAWoS+3v+2FHq5UL6HH4TdRzT2HMJVtPzHyXuxdBFgeGaruV66XxmBCfbtWM2lHngUYLrXt9BziEWZBz5lq+B1nrK4BBvPW209X5jZgyh5YBtz5CS3nF44zNS4Z77yc50n2rYkVy8w542RzA2hKKcpGaBTzCp+Y1MYNWCb2ohRJmmC/wjggME8sMdifZT7dwt37wTjIVMPddSS84oAbwQ6/So4+V2WjPUe11TXQkfU1ukD+952icP6Cymd5BptIQIttRlyixxTntj/IQvrK8hm6QJk/zDJ/ZNDxC1pzci7tbDQ==",
                            "username": "tomrosier"
                        },
                        "meta": {},
                        "tainted": false
                    },
                    "deposed": [],
                    "provider": "provider.github"
                },
                "github_membership.org_membership": {
                    "type": "github_membership",
                    "depends_on": [],
                    "primary": {
                        "id": "alphagov:tomrosier",
                        "attributes": {
                            "etag": "W/\"b386a2289530c4acc2f8805517a061d6\"",
                            "id": "alphagov:tomrosier",
                            "role": "member",
                            "username": "tomrosier"
                        },
                        "meta": {},
                        "tainted": false
                    },
                    "deposed": [],
                    "provider": "provider.github"
                },
                "github_team_membership.team_membership.0": {
                    "type": "github_team_membership",
                    "depends_on": [],
                    "primary": {
                        "id": "2826122:tomrosier",
                        "attributes": {
                            "etag": "W/\"60855b690b64e4a5abcf9ccd12a509aa\"",
                            "id": "2826122:tomrosier",
                            "role": "member",
                            "team_id": "2826122",
                            "username": "tomrosier"
                        },
                        "meta": {},
                        "tainted": false
                    },
                    "deposed": [],
                    "provider": "provider.github"
                },
                "github_team_membership.team_membership.1": {
                    "type": "github_team_membership",
                    "depends_on": [],
                    "primary": {
                        "id": "2826121:tomrosier",
                        "attributes": {
                            "etag": "W/\"2683993487c91815c48c920836655877\"",
                            "id": "2826121:tomrosier",
                            "role": "member",
                            "team_id": "2826121",
                            "username": "tomrosier"
                        },
                        "meta": {},
                        "tainted": false
                    },
                    "deposed": [],
                    "provider": "provider.github"
                },
                "github_team_membership.team_membership.2": {
                    "type": "github_team_membership",
                    "depends_on": [],
                    "primary": {
                        "id": "2826120:tomrosier",
                        "attributes": {
                            "etag": "W/\"5b600d9f9d1fda6ec782d67c6a431ab3\"",
                            "id": "2826120:tomrosier",
                            "role": "member",
                            "team_id": "2826120",
                            "username": "tomrosier"
                        },
                        "meta": {},
                        "tainted": false
                    },
                    "deposed": [],
                    "provider": "provider.github"
                },
                "github_team_membership.team_membership.3": {
                    "type": "github_team_membership",
                    "depends_on": [],
                    "primary": {
                        "id": "2826126:tomrosier",
                        "attributes": {
                            "etag": "W/\"0eb07fce4851a5f3f4147daadf52908f\"",
                            "id": "2826126:tomrosier",
                            "role": "member",
                            "team_id": "2826126",
                            "username": "tomrosier"
                        },
                        "meta": {},
                        "tainted": false
                    },
                    "deposed": [],
                    "provider": "provider.github"
                },
                "github_team_membership.team_membership.4": {
                    "type": "github_team_membership",
                    "depends_on": [],
                    "primary": {
                        "id": "2826123:tomrosier",
                        "attributes": {
                            "etag": "W/\"597f7e47ca928c516fecfa59e75b8e58\"",
                            "id": "2826123:tomrosier",
                            "role": "member",
                            "team_id": "2826123",
                            "username": "tomrosier"
                        },
                        "meta": {},
                        "tainted": false
                    },
                    "deposed": [],
                    "provider": "provider.github"
                },
                "github_team_membership.team_membership.5": {
                    "type": "github_team_membership",
                    "depends_on": [],
                    "primary": {
                        "id": "2826125:tomrosier",
                        "attributes": {
                            "etag": "W/\"31f31cc9093a5c17f3e95e341be2055e\"",
                            "id": "2826125:tomrosier",
                            "role": "member",
                            "team_id": "2826125",
                            "username": "tomrosier"
                        },
                        "meta": {},
                        "tainted": false
                    },
                    "deposed": [],
                    "provider": "provider.github"
                },
                "github_team_membership.team_membership.6": {
                    "type": "github_team_membership",
                    "depends_on": [],
                    "primary": {
                        "id": "2915524:tomrosier",
                        "attributes": {
                            "etag": "W/\"e3aa84f9435928b72b8cbbc51db64fb3\"",
                            "id": "2915524:tomrosier",
                            "role": "member",
                            "team_id": "2915524",
                            "username": "tomrosier"
                        },
                        "meta": {},
                        "tainted": false
                    },
                    "deposed": [],
                    "provider": "provider.github"
                }
            },
            "depends_on": []
        },
        {
            "path": [
                "root",
                "user_vixus0"
            ],
            "outputs": {},
            "resources": {
                "data.github_user.user": {
                    "type": "github_user",
                    "depends_on": [],
                    "primary": {
                        "id": "2650888",
                        "attributes": {
                            "avatar_url": "https://avatars1.githubusercontent.com/u/2650888?v=4",
                            "bio": "",
                            "blog": "",
                            "company": "",
                            "email": "",
                            "followers": "6",
                            "following": "3",
                            "gpg_keys.#": "0",
                            "gravatar_id": "",
                            "id": "2650888",
                            "location": "UK",
                            "login": "vixus0",
                            "name": "Anshul Sirur",
                            "public_gists": "5",
                            "public_repos": "41",
                            "site_admin": "false",
                            "ssh_keys.#": "5",
                            "ssh_keys.0": "ssh-rsa AAAAB3NzaC1yc2EAAAADAQABAAABAQCxpNurqxJPlwzKiZ/MCsCgqjLMIWA1HHw1Wws6nqG9+OjiC5BtIUytuxAhFLfJdX75zUDNV25RmHmHFP/QmkX/o/zPX0Y3wAZxwkdrc/WJdviha+6dO57mowxhhZ1HUTMQjIW3ieVsYTi8ABbGQz4xc/08XkPYHSuXLgur44wvUSMkE0Rzvf/iJUf09KgKW/B0ICg0laAjKBcwIBt9TXIf2EQm3B0tN1eNBTWjq+k/W7ZALQpq+r0GqVE6Kk9Im8iLJ729jAIorY0rGMv7zx6c1PsTygtjr0hIHMDf4/2h1YICtUqih6rjGlKlO9D1sDeN2nXxGKsjpwb71G58ED3D",
                            "ssh_keys.1": "ssh-rsa AAAAB3NzaC1yc2EAAAADAQABAAABAQCmEh/f9K+ao7czSsLOxD2fnUZa3YbtmCNm+KrUnz5eh+mU2RlXb+CdGI/mcn9AHx06F1ViEzuogP7GTeJsxniHR7l38b+P4Q0jYbtmLn4/Br285O20s35Vj8UAyD82DU0UslHtkxwuizincZmEJy6Ow3KC5aAK0YNV6nnb6mndOyYPC5oB0A6XyVnbIQgg9TsOGzLkbwQGy4p+GCOUCBvVb3HlkQSBFQrUuE2ZbTlx6hjttzgIj+pYG/sQnaROMXd3wwOnXer2DrXxqU7NGhCdXjUR3Z/pU3f6j/exTvEULi/MrMLaY4nDBUbjEFIxpkYTdKuHO0lYTsUX5lMh5Alf",
                            "ssh_keys.2": "ssh-rsa AAAAB3NzaC1yc2EAAAADAQABAAACAQDJlDs80WqzXeRVV3ed7/1KVnBF2qrWxeyQuBl/GOUzDL693objfj4QvJYxr3A5eVhJ4zWU3nVw23iR82t3RitO2whc4zB+QVZZcr7kBR7Si9b8nqC37OQpcvX15B/+1rxa0n0HfItZ18gRmvJ9cnBixCVF8YRqK+B9mHkEqjV1yEkQd5bk4SLaHmmfCHJlNvaBoEzR4P4ssCr8FfPQRu3ZskzzwMIwuRE8ZzZzpnDXZ/o6+suP5+YzjSl/PhfqJGKTgS10yurQRNj7FRSCyTAJFMAACDF+7/O+INEeWY9P9ixId0H/p05VbkQ9p1Y9Nyo+uPW1pE0I1OCbVqMICtqgQL2EW0EecoJUwgQ0ulmt/+Zh2rnSSZTb6XbhH+qPTsrLoWoO6F9NwPO/n3tHY8PSbO5lp2+T3lD/faAk/wc8Or09c9TO5R7KupIHuBJa+tRmnSdKK+zxz23jdjUf1hl58pNA+4p6RETERSW0Z8rJChN41MU+Zcn2pVxAJ7AgAW/T9XmgYd4lmy4P7lpvyPK2PE9LaZRqCXA3QGBLj4LLd2rwt93He4a9DNsgouLvQtZFvk1joLbh+HN8m1FaEBqutHPD66WGSOe099pTCDLECYdR1zs9f782wydMICItzdPVmQpjI3TAMSncOhASS6yR8drj6NZwcAZ3Q3yqxMqDXw==",
                            "ssh_keys.3": "ssh-rsa AAAAB3NzaC1yc2EAAAADAQABAAABAQDWPNJndVLDpVe/aQinE4HJYACygq1P3N1OwSdZui9RfHUiErqSCEgpYOa6/TNZXMQi2hLMR6X2FigSDMuWjvAyfLG/Y7510w46Vrnw34UO1VB2BQymoUQiyqkB3EQAhweQMXTupWTonO95yrx+CwIztPdSNu269Auj14qed7dLeP6fgqAiGz9RO0MQIs++3ObwO9z+JPWn0f736RtBaKwOal5AfC9P4kt0gRImKXQvMyPSA7Z5jc7IUHublOzz1JX5qXUZwY2GkG7EBgScwZdtIPP59kL3Rf+90j9hq0FUhBzbL8AYl7K0YIiIGgLd7zn+NqMORaRES3WEikhPAGpj",
                            "ssh_keys.4": "ssh-rsa AAAAB3NzaC1yc2EAAAADAQABAAABAQDMbjXkc3yUkKXHQkDhZi5698R/xbZr9w6AP+J1EiPvzuxrCj+Xrg2Pkwgs6kRjPdPeRTLrF0QycaOKVtizWI/gS2IDC8BIYb4CwBN8vkIeeIQnVcOM9n8ku58DA6xjlMg+6k6MC0qTpFH6z/tpo5cduq77GrmofNwiLwYF1+iDE6LR5jXiPitkj25IWau5aYCT+Vo91ue5nzYEOqXzv/oG5+LElpsNDHPvoNfTTf81+t95CL7bhHL62ESir5PfvWrRCZecKpMt1W1mNQHUq3+wXopuVJJSr1HhI9VA/o7XAGFE/ou4//CMqvs3dwZgi7NnKGU/uL2tbbVm2C4+8X2R",
                            "username": "vixus0"
                        },
                        "meta": {},
                        "tainted": false
                    },
                    "deposed": [],
                    "provider": "provider.github"
                },
                "github_membership.org_membership": {
                    "type": "github_membership",
                    "depends_on": [],
                    "primary": {
                        "id": "alphagov:vixus0",
                        "attributes": {
                            "etag": "W/\"296b8fb320570f020a004d37fbcd352d\"",
                            "id": "alphagov:vixus0",
                            "role": "admin",
                            "username": "vixus0"
                        },
                        "meta": {},
                        "tainted": false
                    },
                    "deposed": [],
                    "provider": "provider.github"
                },
                "github_team_membership.team_membership.0": {
                    "type": "github_team_membership",
                    "depends_on": [],
                    "primary": {
                        "id": "2826122:vixus0",
                        "attributes": {
                            "etag": "W/\"64eb5b441e6835632116ad0bebf9459b\"",
                            "id": "2826122:vixus0",
                            "role": "maintainer",
                            "team_id": "2826122",
                            "username": "vixus0"
                        },
                        "meta": {},
                        "tainted": false
                    },
                    "deposed": [],
                    "provider": "provider.github"
                },
                "github_team_membership.team_membership.1": {
                    "type": "github_team_membership",
                    "depends_on": [],
                    "primary": {
                        "id": "2826127:vixus0",
                        "attributes": {
                            "etag": "W/\"723a5424c40da448f7526972415aa3f8\"",
                            "id": "2826127:vixus0",
                            "role": "maintainer",
                            "team_id": "2826127",
                            "username": "vixus0"
                        },
                        "meta": {},
                        "tainted": false
                    },
                    "deposed": [],
                    "provider": "provider.github"
                },
                "github_team_membership.team_membership.2": {
                    "type": "github_team_membership",
                    "depends_on": [],
                    "primary": {
                        "id": "2826126:vixus0",
                        "attributes": {
                            "etag": "W/\"a18c4d2762d07ba91928ba58405630f2\"",
                            "id": "2826126:vixus0",
                            "role": "maintainer",
                            "team_id": "2826126",
                            "username": "vixus0"
                        },
                        "meta": {},
                        "tainted": false
                    },
                    "deposed": [],
                    "provider": "provider.github"
                },
                "github_team_membership.team_membership.3": {
                    "type": "github_team_membership",
                    "depends_on": [],
                    "primary": {
                        "id": "2826121:vixus0",
                        "attributes": {
                            "etag": "W/\"4d3e97338540e67020e62542a449e18e\"",
                            "id": "2826121:vixus0",
                            "role": "maintainer",
                            "team_id": "2826121",
                            "username": "vixus0"
                        },
                        "meta": {},
                        "tainted": false
                    },
                    "deposed": [],
                    "provider": "provider.github"
                },
                "github_team_membership.team_membership.4": {
                    "type": "github_team_membership",
                    "depends_on": [],
                    "primary": {
                        "id": "2826120:vixus0",
                        "attributes": {
                            "etag": "W/\"839140734e32dabbfd2e8129f3422190\"",
                            "id": "2826120:vixus0",
                            "role": "maintainer",
                            "team_id": "2826120",
                            "username": "vixus0"
                        },
                        "meta": {},
                        "tainted": false
                    },
                    "deposed": [],
                    "provider": "provider.github"
                },
                "github_team_membership.team_membership.5": {
                    "type": "github_team_membership",
                    "depends_on": [],
                    "primary": {
                        "id": "2826123:vixus0",
                        "attributes": {
                            "etag": "W/\"7fc65e7828781482e9287eb8ff050d7a\"",
                            "id": "2826123:vixus0",
                            "role": "maintainer",
                            "team_id": "2826123",
                            "username": "vixus0"
                        },
                        "meta": {},
                        "tainted": false
                    },
                    "deposed": [],
                    "provider": "provider.github"
                },
                "github_team_membership.team_membership.6": {
                    "type": "github_team_membership",
                    "depends_on": [],
                    "primary": {
                        "id": "2826125:vixus0",
                        "attributes": {
                            "etag": "W/\"95d49566a1eb1f931706b077574731fe\"",
                            "id": "2826125:vixus0",
                            "role": "maintainer",
                            "team_id": "2826125",
                            "username": "vixus0"
                        },
                        "meta": {},
                        "tainted": false
                    },
                    "deposed": [],
                    "provider": "provider.github"
                },
                "github_team_membership.team_membership.7": {
                    "type": "github_team_membership",
                    "depends_on": [],
                    "primary": {
                        "id": "2915520:vixus0",
                        "attributes": {
                            "etag": "W/\"0697c05ee91ad7202a1511282a455405\"",
                            "id": "2915520:vixus0",
                            "role": "maintainer",
                            "team_id": "2915520",
                            "username": "vixus0"
                        },
                        "meta": {},
                        "tainted": false
                    },
                    "deposed": [],
                    "provider": "provider.github"
                },
                "github_team_membership.team_membership.8": {
                    "type": "github_team_membership",
                    "depends_on": [],
                    "primary": {
                        "id": "2826124:vixus0",
                        "attributes": {
                            "etag": "W/\"9bd32bc2e7077315e3a2f0969477ec60\"",
                            "id": "2826124:vixus0",
                            "role": "maintainer",
                            "team_id": "2826124",
                            "username": "vixus0"
                        },
                        "meta": {},
                        "tainted": false
                    },
                    "deposed": [],
                    "provider": "provider.github"
                },
                "github_team_membership.team_membership.9": {
                    "type": "github_team_membership",
                    "depends_on": [],
                    "primary": {
                        "id": "2915524:vixus0",
                        "attributes": {
                            "etag": "W/\"e7eb952bcdb75eb59dda739bdcf682d4\"",
                            "id": "2915524:vixus0",
                            "role": "maintainer",
                            "team_id": "2915524",
                            "username": "vixus0"
                        },
                        "meta": {},
                        "tainted": false
                    },
                    "deposed": [],
                    "provider": "provider.github"
                }
            },
            "depends_on": []
        },
        {
            "path": [
                "root",
                "user_zilnhoj"
            ],
            "outputs": {},
            "resources": {
                "data.github_user.user": {
                    "type": "github_user",
                    "depends_on": [],
                    "primary": {
                        "id": "1894097",
                        "attributes": {
                            "avatar_url": "https://avatars2.githubusercontent.com/u/1894097?v=4",
                            "bio": "",
                            "blog": "",
                            "company": "",
                            "email": "",
                            "followers": "0",
                            "following": "4",
                            "gpg_keys.#": "0",
                            "gravatar_id": "",
                            "id": "1894097",
                            "location": "",
                            "login": "zilnhoj",
                            "name": "",
                            "public_gists": "3",
                            "public_repos": "19",
                            "site_admin": "false",
                            "ssh_keys.#": "1",
                            "ssh_keys.0": "ssh-rsa AAAAB3NzaC1yc2EAAAADAQABAAACAQDQUZi8k/RCYY5kyzWPDyQL/H1DxrVz/AwGVqw4UHGfiZzSLF8pi4tI2sKSAbI0/6sGOeK+zQfQI1DJkHI4CVi4wHC+Rk4qnON9LFOjkq1ZDL4fa20SY4aEdPe3GyjqleInWuLu2+T1W+yReh3YoQYE164ou9jRwa+h2AqRUGL521TyoLXCBKYtABfN0biRFS6EQBmRiYNraeELT486vASKnWDdhEYq4norwkuUz6h9p5SdxqHMdvMY/aGHOoAi+Y2HO3KYbN5HLjQ8zP3/+5IPwp3RSpFa9s8rWYui1F+AthyqU24KCm2C2DugOiYSx83aaspacE/VcFAisMEH+LqiSyIN81lHYX60TJ/54Z+wagc9/HB54VkcuvNSACdl8vflWSEDE84LU0iI2YMjqDV1hJ7YT/KX5Sk1575wtjidW2aWlp7SXkf/j1idYMPr00YyVD9tyce6PbXPGDDv7JUnLG1m2gu5W2D6kPI+Cl79HCj/0KuhN1vqEs9lxUF5t308XZKyarjbTmZlr5U3Rh2TGINdhi6TztLuyM3KoUIMA1XBqEIpI/u+gw1jTFDonayU7ZpkerAeQUHyW/zn3a3OBDBRlP56TMCoBNgPRagZLSoYg3+5F8SV7S+WdYmz59eHXaBTgSAmsgndDEH2UR7zAlfnZOq1SAKj0k9jw6bYQQ==",
                            "username": "zilnhoj"
                        },
                        "meta": {},
                        "tainted": false
                    },
                    "deposed": [],
                    "provider": "provider.github"
                },
                "github_membership.org_membership": {
                    "type": "github_membership",
                    "depends_on": [],
                    "primary": {
                        "id": "alphagov:zilnhoj",
                        "attributes": {
                            "etag": "W/\"44d1a3a8f5b884a43029a7e523abadaf\"",
                            "id": "alphagov:zilnhoj",
                            "role": "member",
                            "username": "zilnhoj"
                        },
                        "meta": {},
                        "tainted": false
                    },
                    "deposed": [],
                    "provider": "provider.github"
                },
                "github_team_membership.team_membership": {
                    "type": "github_team_membership",
                    "depends_on": [],
                    "primary": {
                        "id": "2826124:zilnhoj",
                        "attributes": {
                            "etag": "W/\"50028f9a0fcb6f950239f58214938dbb\"",
                            "id": "2826124:zilnhoj",
                            "role": "member",
                            "team_id": "2826124",
                            "username": "zilnhoj"
                        },
                        "meta": {},
                        "tainted": false
                    },
                    "deposed": [],
                    "provider": "provider.github"
                }
            },
            "depends_on": []
        }
    ]
}
