{
    "version": 3,
    "terraform_version": "0.11.8",
    "serial": 82,
    "lineage": "7069a474-17af-c033-8243-ba2e55487134",
    "modules": [
        {
            "path": [
                "root"
            ],
            "outputs": {},
            "resources": {},
            "depends_on": []
        },
        {
            "path": [
                "root",
                "mission_all"
            ],
            "outputs": {
                "teams": {
                    "sensitive": false,
                    "type": "list",
                    "value": [
                        "2826122",
                        "2826127",
                        "2826126",
                        "2826121",
                        "2826120",
                        "2826123",
                        "2826125",
                        "2915520",
                        "2826124",
                        "2915524"
                    ]
                }
            },
            "resources": {
                "data.github_team.teams.0": {
                    "type": "github_team",
                    "depends_on": [],
                    "primary": {
                        "id": "2826122",
                        "attributes": {
                            "description": "Verify tech team: verify-tech-team-core-hub",
                            "id": "2826122",
                            "members.#": "30",
                            "members.0": "46bit",
                            "members.1": "galund",
                            "members.10": "nacnudus",
                            "members.11": "CharlesIC",
                            "members.12": "jkunle",
                            "members.13": "javindo",
                            "members.14": "simonwo",
                            "members.15": "mikieet",
                            "members.16": "karlbaker02",
                            "members.17": "Rosa-Fox",
                            "members.18": "andrewchong",
                            "members.19": "kgarwood",
                            "members.2": "phantas",
                            "members.20": "ida-build-bot",
                            "members.21": "chrisclayson",
                            "members.22": "sgreensmith",
                            "members.23": "Wynndow",
                            "members.24": "andy-paine",
                            "members.25": "tomrosier",
                            "members.26": "RacingHippo",
                            "members.27": "bravegrape",
                            "members.28": "daniele-occhipinti",
                            "members.29": "AmritSidhu",
                            "members.3": "minhngocd",
                            "members.4": "chrisholmes",
                            "members.5": "thomasalanlee",
                            "members.6": "kerrr",
                            "members.7": "vixus0",
                            "members.8": "robinmitra",
                            "members.9": "brenetic",
                            "name": "verify-tech-team-core-hub",
                            "permission": "pull",
                            "privacy": "closed",
                            "slug": "verify-tech-team-core-hub"
                        },
                        "meta": {},
                        "tainted": false
                    },
                    "deposed": [],
                    "provider": "provider.github"
                },
                "data.github_team.teams.1": {
                    "type": "github_team",
                    "depends_on": [],
                    "primary": {
                        "id": "2826127",
                        "attributes": {
                            "description": "Verify tech team: verify-tech-team-connecting",
                            "id": "2826127",
                            "members.#": "29",
                            "members.0": "galund",
                            "members.1": "phantas",
                            "members.10": "jkunle",
                            "members.11": "sakisv",
                            "members.12": "ronocg",
                            "members.13": "karlbaker02",
                            "members.14": "Rosa-Fox",
                            "members.15": "ida-build-bot",
                            "members.16": "smford",
                            "members.17": "sgreensmith",
                            "members.18": "blairboy362",
                            "members.19": "andy-paine",
                            "members.2": "ejrowley",
                            "members.20": "RacingHippo",
                            "members.21": "bravegrape",
                            "members.22": "jstandring-gds",
                            "members.23": "adityapahuja",
                            "members.24": "rhowe-gds",
                            "members.25": "AmritSidhu",
                            "members.26": "alan-gds",
                            "members.27": "IreneLau-GDS",
                            "members.28": "matthewcullum-gds",
                            "members.3": "chrisholmes",
                            "members.4": "thomasalanlee",
                            "members.5": "mmhmm",
                            "members.6": "tlwr",
                            "members.7": "vixus0",
                            "members.8": "robinmitra",
                            "members.9": "brenetic",
                            "name": "verify-tech-team-connecting",
                            "permission": "pull",
                            "privacy": "closed",
                            "slug": "verify-tech-team-connecting"
                        },
                        "meta": {},
                        "tainted": false
                    },
                    "deposed": [],
                    "provider": "provider.github"
                },
                "data.github_team.teams.2": {
                    "type": "github_team",
                    "depends_on": [],
                    "primary": {
                        "id": "2826126",
                        "attributes": {
                            "description": "Verify tech team: verify-tech-team-dcs",
                            "id": "2826126",
                            "members.#": "30",
                            "members.0": "46bit",
                            "members.1": "galund",
                            "members.10": "robinmitra",
                            "members.11": "brenetic",
                            "members.12": "CharlesIC",
                            "members.13": "jkunle",
                            "members.14": "sakisv",
                            "members.15": "simonwo",
                            "members.16": "ronocg",
                            "members.17": "karlbaker02",
                            "members.18": "Rosa-Fox",
                            "members.19": "andrewchong",
                            "members.2": "phantas",
                            "members.20": "kgarwood",
                            "members.21": "ida-build-bot",
                            "members.22": "smford",
                            "members.23": "sgreensmith",
                            "members.24": "blairboy362",
                            "members.25": "Wynndow",
                            "members.26": "andy-paine",
                            "members.27": "tomrosier",
                            "members.28": "RacingHippo",
                            "members.29": "bravegrape",
                            "members.3": "minhngocd",
                            "members.4": "ejrowley",
                            "members.5": "chrisholmes",
                            "members.6": "thomasalanlee",
                            "members.7": "mmhmm",
                            "members.8": "tlwr",
                            "members.9": "vixus0",
                            "name": "verify-tech-team-dcs",
                            "permission": "pull",
                            "privacy": "closed",
                            "slug": "verify-tech-team-dcs"
                        },
                        "meta": {},
                        "tainted": false
                    },
                    "deposed": [],
                    "provider": "provider.github"
                },
                "data.github_team.teams.3": {
                    "type": "github_team",
                    "depends_on": [],
                    "primary": {
                        "id": "2826121",
                        "attributes": {
                            "description": "Verify tech team: verify-tech-team-eidas-notification",
                            "id": "2826121",
                            "members.#": "17",
                            "members.0": "46bit",
                            "members.1": "minhngocd",
                            "members.10": "Wynndow",
                            "members.11": "andy-paine",
                            "members.12": "tomrosier",
                            "members.13": "IreneLau-GDS",
                            "members.14": "guruchand",
                            "members.15": "JHjava",
                            "members.16": "dbes-gds",
                            "members.2": "chrisholmes",
                            "members.3": "thomasalanlee",
                            "members.4": "vixus0",
                            "members.5": "CharlesIC",
                            "members.6": "simonwo",
                            "members.7": "andrewchong",
                            "members.8": "kgarwood",
                            "members.9": "ida-build-bot",
                            "name": "verify-tech-team-eidas-notification",
                            "permission": "pull",
                            "privacy": "closed",
                            "slug": "verify-tech-team-eidas-notification"
                        },
                        "meta": {},
                        "tainted": false
                    },
                    "deposed": [],
                    "provider": "provider.github"
                },
                "data.github_team.teams.4": {
                    "type": "github_team",
                    "depends_on": [],
                    "primary": {
                        "id": "2826120",
                        "attributes": {
                            "description": "Verify tech team: verify-tech-team-eidas-middleware",
                            "id": "2826120",
                            "members.#": "28",
                            "members.0": "46bit",
                            "members.1": "minhngocd",
                            "members.10": "simonwo",
                            "members.11": "ronocg",
                            "members.12": "andrewchong",
                            "members.13": "kgarwood",
                            "members.14": "ida-build-bot",
                            "members.15": "smford",
                            "members.16": "blairboy362",
                            "members.17": "Wynndow",
                            "members.18": "andy-paine",
                            "members.19": "tomrosier",
                            "members.2": "ejrowley",
                            "members.20": "jstandring-gds",
                            "members.21": "adityapahuja",
                            "members.22": "rhowe-gds",
                            "members.23": "IreneLau-GDS",
                            "members.24": "guruchand",
                            "members.25": "JHjava",
                            "members.26": "matthewcullum-gds",
                            "members.27": "dbes-gds",
                            "members.3": "chrisholmes",
                            "members.4": "thomasalanlee",
                            "members.5": "mmhmm",
                            "members.6": "tlwr",
                            "members.7": "vixus0",
                            "members.8": "CharlesIC",
                            "members.9": "sakisv",
                            "name": "verify-tech-team-eidas-middleware",
                            "permission": "pull",
                            "privacy": "closed",
                            "slug": "verify-tech-team-eidas-middleware"
                        },
                        "meta": {},
                        "tainted": false
                    },
                    "deposed": [],
                    "provider": "provider.github"
                },
                "data.github_team.teams.5": {
                    "type": "github_team",
                    "depends_on": [],
                    "primary": {
                        "id": "2826123",
                        "attributes": {
                            "description": "Verify tech team: verify-tech-team-frontend",
                            "id": "2826123",
                            "members.#": "30",
                            "members.0": "46bit",
                            "members.1": "galund",
                            "members.10": "nacnudus",
                            "members.11": "CharlesIC",
                            "members.12": "jkunle",
                            "members.13": "javindo",
                            "members.14": "simonwo",
                            "members.15": "mikieet",
                            "members.16": "karlbaker02",
                            "members.17": "Rosa-Fox",
                            "members.18": "andrewchong",
                            "members.19": "kgarwood",
                            "members.2": "phantas",
                            "members.20": "ida-build-bot",
                            "members.21": "chrisclayson",
                            "members.22": "sgreensmith",
                            "members.23": "Wynndow",
                            "members.24": "andy-paine",
                            "members.25": "tomrosier",
                            "members.26": "RacingHippo",
                            "members.27": "bravegrape",
                            "members.28": "daniele-occhipinti",
                            "members.29": "AmritSidhu",
                            "members.3": "minhngocd",
                            "members.4": "chrisholmes",
                            "members.5": "thomasalanlee",
                            "members.6": "kerrr",
                            "members.7": "vixus0",
                            "members.8": "robinmitra",
                            "members.9": "brenetic",
                            "name": "verify-tech-team-frontend",
                            "permission": "pull",
                            "privacy": "closed",
                            "slug": "verify-tech-team-frontend"
                        },
                        "meta": {},
                        "tainted": false
                    },
                    "deposed": [],
                    "provider": "provider.github"
                },
                "data.github_team.teams.6": {
                    "type": "github_team",
                    "depends_on": [],
                    "primary": {
                        "id": "2826125",
                        "attributes": {
                            "description": "Verify tech team: verify-tech-team-infrastructure",
                            "id": "2826125",
                            "members.#": "30",
                            "members.0": "46bit",
                            "members.1": "galund",
                            "members.10": "vixus0",
                            "members.11": "robinmitra",
                            "members.12": "brenetic",
                            "members.13": "nacnudus",
                            "members.14": "CharlesIC",
                            "members.15": "jkunle",
                            "members.16": "sakisv",
                            "members.17": "javindo",
                            "members.18": "simonwo",
                            "members.19": "ronocg",
                            "members.2": "phantas",
                            "members.20": "mikieet",
                            "members.21": "karlbaker02",
                            "members.22": "Rosa-Fox",
                            "members.23": "andrewchong",
                            "members.24": "kgarwood",
                            "members.25": "ida-build-bot",
                            "members.26": "chrisclayson",
                            "members.27": "smford",
                            "members.28": "sgreensmith",
                            "members.29": "blairboy362",
                            "members.3": "minhngocd",
                            "members.4": "ejrowley",
                            "members.5": "chrisholmes",
                            "members.6": "thomasalanlee",
                            "members.7": "mmhmm",
                            "members.8": "tlwr",
                            "members.9": "kerrr",
                            "name": "verify-tech-team-infrastructure",
                            "permission": "pull",
                            "privacy": "closed",
                            "slug": "verify-tech-team-infrastructure"
                        },
                        "meta": {},
                        "tainted": false
                    },
                    "deposed": [],
                    "provider": "provider.github"
                },
                "data.github_team.teams.7": {
                    "type": "github_team",
                    "depends_on": [],
                    "primary": {
                        "id": "2915520",
                        "attributes": {
                            "description": "Verify tech team: verify-tech-team-performance-dev",
                            "id": "2915520",
                            "members.#": "10",
                            "members.0": "galund",
                            "members.1": "phantas",
                            "members.2": "chrisholmes",
                            "members.3": "thomasalanlee",
                            "members.4": "vixus0",
                            "members.5": "robinmitra",
                            "members.6": "brenetic",
                            "members.7": "ida-build-bot",
                            "members.8": "andy-paine",
                            "members.9": "IreneLau-GDS",
                            "name": "verify-tech-team-performance-dev",
                            "permission": "pull",
                            "privacy": "closed",
                            "slug": "verify-tech-team-performance-dev"
                        },
                        "meta": {},
                        "tainted": false
                    },
                    "deposed": [],
                    "provider": "provider.github"
                },
                "data.github_team.teams.8": {
                    "type": "github_team",
                    "depends_on": [],
                    "primary": {
                        "id": "2826124",
                        "attributes": {
                            "description": "Verify tech team: verify-tech-team-performance-pa",
                            "id": "2826124",
                            "members.#": "10",
                            "members.0": "chrisholmes",
                            "members.1": "thomasalanlee",
                            "members.2": "zilnhoj",
                            "members.3": "vixus0",
                            "members.4": "AnneCarr",
                            "members.5": "ida-build-bot",
                            "members.6": "andy-paine",
                            "members.7": "sarah-dean",
                            "members.8": "IreneLau-GDS",
                            "members.9": "Mariaslo",
                            "name": "verify-tech-team-performance-pa",
                            "permission": "pull",
                            "privacy": "closed",
                            "slug": "verify-tech-team-performance-pa"
                        },
                        "meta": {},
                        "tainted": false
                    },
                    "deposed": [],
                    "provider": "provider.github"
                },
                "data.github_team.teams.9": {
                    "type": "github_team",
                    "depends_on": [],
                    "primary": {
                        "id": "2915524",
                        "attributes": {
                            "description": "Verify tech team: verify-tech-team-tools",
                            "id": "2915524",
                            "members.#": "30",
                            "members.0": "46bit",
                            "members.1": "galund",
                            "members.10": "vixus0",
                            "members.11": "robinmitra",
                            "members.12": "brenetic",
                            "members.13": "nacnudus",
                            "members.14": "CharlesIC",
                            "members.15": "jkunle",
                            "members.16": "sakisv",
                            "members.17": "javindo",
                            "members.18": "simonwo",
                            "members.19": "ronocg",
                            "members.2": "phantas",
                            "members.20": "mikieet",
                            "members.21": "karlbaker02",
                            "members.22": "Rosa-Fox",
                            "members.23": "andrewchong",
                            "members.24": "kgarwood",
                            "members.25": "ida-build-bot",
                            "members.26": "chrisclayson",
                            "members.27": "smford",
                            "members.28": "sgreensmith",
                            "members.29": "blairboy362",
                            "members.3": "minhngocd",
                            "members.4": "ejrowley",
                            "members.5": "chrisholmes",
                            "members.6": "thomasalanlee",
                            "members.7": "mmhmm",
                            "members.8": "tlwr",
                            "members.9": "kerrr",
                            "name": "verify-tech-team-tools",
                            "permission": "pull",
                            "privacy": "closed",
                            "slug": "verify-tech-team-tools"
                        },
                        "meta": {},
                        "tainted": false
                    },
                    "deposed": [],
                    "provider": "provider.github"
                }
            },
            "depends_on": []
        },
        {
            "path": [
                "root",
                "mission_connecting"
            ],
            "outputs": {
                "teams": {
                    "sensitive": false,
                    "type": "list",
                    "value": [
                        "2826122",
                        "2826127",
                        "2826126",
                        "2826123",
                        "2826125",
                        "2915524"
                    ]
                }
            },
            "resources": {
                "data.github_team.teams.0": {
                    "type": "github_team",
                    "depends_on": [],
                    "primary": {
                        "id": "2826122",
                        "attributes": {
                            "description": "Verify tech team: verify-tech-team-core-hub",
                            "id": "2826122",
                            "members.#": "30",
                            "members.0": "46bit",
                            "members.1": "galund",
                            "members.10": "nacnudus",
                            "members.11": "CharlesIC",
                            "members.12": "jkunle",
                            "members.13": "javindo",
                            "members.14": "simonwo",
                            "members.15": "mikieet",
                            "members.16": "karlbaker02",
                            "members.17": "Rosa-Fox",
                            "members.18": "andrewchong",
                            "members.19": "kgarwood",
                            "members.2": "phantas",
                            "members.20": "ida-build-bot",
                            "members.21": "chrisclayson",
                            "members.22": "sgreensmith",
                            "members.23": "Wynndow",
                            "members.24": "andy-paine",
                            "members.25": "tomrosier",
                            "members.26": "RacingHippo",
                            "members.27": "bravegrape",
                            "members.28": "daniele-occhipinti",
                            "members.29": "AmritSidhu",
                            "members.3": "minhngocd",
                            "members.4": "chrisholmes",
                            "members.5": "thomasalanlee",
                            "members.6": "kerrr",
                            "members.7": "vixus0",
                            "members.8": "robinmitra",
                            "members.9": "brenetic",
                            "name": "verify-tech-team-core-hub",
                            "permission": "pull",
                            "privacy": "closed",
                            "slug": "verify-tech-team-core-hub"
                        },
                        "meta": {},
                        "tainted": false
                    },
                    "deposed": [],
                    "provider": "provider.github"
                },
                "data.github_team.teams.1": {
                    "type": "github_team",
                    "depends_on": [],
                    "primary": {
                        "id": "2826127",
                        "attributes": {
                            "description": "Verify tech team: verify-tech-team-connecting",
                            "id": "2826127",
                            "members.#": "29",
                            "members.0": "galund",
                            "members.1": "phantas",
                            "members.10": "jkunle",
                            "members.11": "sakisv",
                            "members.12": "ronocg",
                            "members.13": "karlbaker02",
                            "members.14": "Rosa-Fox",
                            "members.15": "ida-build-bot",
                            "members.16": "smford",
                            "members.17": "sgreensmith",
                            "members.18": "blairboy362",
                            "members.19": "andy-paine",
                            "members.2": "ejrowley",
                            "members.20": "RacingHippo",
                            "members.21": "bravegrape",
                            "members.22": "jstandring-gds",
                            "members.23": "adityapahuja",
                            "members.24": "rhowe-gds",
                            "members.25": "AmritSidhu",
                            "members.26": "alan-gds",
                            "members.27": "IreneLau-GDS",
                            "members.28": "matthewcullum-gds",
                            "members.3": "chrisholmes",
                            "members.4": "thomasalanlee",
                            "members.5": "mmhmm",
                            "members.6": "tlwr",
                            "members.7": "vixus0",
                            "members.8": "robinmitra",
                            "members.9": "brenetic",
                            "name": "verify-tech-team-connecting",
                            "permission": "pull",
                            "privacy": "closed",
                            "slug": "verify-tech-team-connecting"
                        },
                        "meta": {},
                        "tainted": false
                    },
                    "deposed": [],
                    "provider": "provider.github"
                },
                "data.github_team.teams.2": {
                    "type": "github_team",
                    "depends_on": [],
                    "primary": {
                        "id": "2826126",
                        "attributes": {
                            "description": "Verify tech team: verify-tech-team-dcs",
                            "id": "2826126",
                            "members.#": "30",
                            "members.0": "46bit",
                            "members.1": "galund",
                            "members.10": "robinmitra",
                            "members.11": "brenetic",
                            "members.12": "CharlesIC",
                            "members.13": "jkunle",
                            "members.14": "sakisv",
                            "members.15": "simonwo",
                            "members.16": "ronocg",
                            "members.17": "karlbaker02",
                            "members.18": "Rosa-Fox",
                            "members.19": "andrewchong",
                            "members.2": "phantas",
                            "members.20": "kgarwood",
                            "members.21": "ida-build-bot",
                            "members.22": "smford",
                            "members.23": "sgreensmith",
                            "members.24": "blairboy362",
                            "members.25": "Wynndow",
                            "members.26": "andy-paine",
                            "members.27": "tomrosier",
                            "members.28": "RacingHippo",
                            "members.29": "bravegrape",
                            "members.3": "minhngocd",
                            "members.4": "ejrowley",
                            "members.5": "chrisholmes",
                            "members.6": "thomasalanlee",
                            "members.7": "mmhmm",
                            "members.8": "tlwr",
                            "members.9": "vixus0",
                            "name": "verify-tech-team-dcs",
                            "permission": "pull",
                            "privacy": "closed",
                            "slug": "verify-tech-team-dcs"
                        },
                        "meta": {},
                        "tainted": false
                    },
                    "deposed": [],
                    "provider": "provider.github"
                },
                "data.github_team.teams.3": {
                    "type": "github_team",
                    "depends_on": [],
                    "primary": {
                        "id": "2826123",
                        "attributes": {
                            "description": "Verify tech team: verify-tech-team-frontend",
                            "id": "2826123",
                            "members.#": "30",
                            "members.0": "46bit",
                            "members.1": "galund",
                            "members.10": "nacnudus",
                            "members.11": "CharlesIC",
                            "members.12": "jkunle",
                            "members.13": "javindo",
                            "members.14": "simonwo",
                            "members.15": "mikieet",
                            "members.16": "karlbaker02",
                            "members.17": "Rosa-Fox",
                            "members.18": "andrewchong",
                            "members.19": "kgarwood",
                            "members.2": "phantas",
                            "members.20": "ida-build-bot",
                            "members.21": "chrisclayson",
                            "members.22": "sgreensmith",
                            "members.23": "Wynndow",
                            "members.24": "andy-paine",
                            "members.25": "tomrosier",
                            "members.26": "RacingHippo",
                            "members.27": "bravegrape",
                            "members.28": "daniele-occhipinti",
                            "members.29": "AmritSidhu",
                            "members.3": "minhngocd",
                            "members.4": "chrisholmes",
                            "members.5": "thomasalanlee",
                            "members.6": "kerrr",
                            "members.7": "vixus0",
                            "members.8": "robinmitra",
                            "members.9": "brenetic",
                            "name": "verify-tech-team-frontend",
                            "permission": "pull",
                            "privacy": "closed",
                            "slug": "verify-tech-team-frontend"
                        },
                        "meta": {},
                        "tainted": false
                    },
                    "deposed": [],
                    "provider": "provider.github"
                },
                "data.github_team.teams.4": {
                    "type": "github_team",
                    "depends_on": [],
                    "primary": {
                        "id": "2826125",
                        "attributes": {
                            "description": "Verify tech team: verify-tech-team-infrastructure",
                            "id": "2826125",
                            "members.#": "30",
                            "members.0": "46bit",
                            "members.1": "galund",
                            "members.10": "vixus0",
                            "members.11": "robinmitra",
                            "members.12": "brenetic",
                            "members.13": "nacnudus",
                            "members.14": "CharlesIC",
                            "members.15": "jkunle",
                            "members.16": "sakisv",
                            "members.17": "javindo",
                            "members.18": "simonwo",
                            "members.19": "ronocg",
                            "members.2": "phantas",
                            "members.20": "mikieet",
                            "members.21": "karlbaker02",
                            "members.22": "Rosa-Fox",
                            "members.23": "andrewchong",
                            "members.24": "kgarwood",
                            "members.25": "ida-build-bot",
                            "members.26": "chrisclayson",
                            "members.27": "smford",
                            "members.28": "sgreensmith",
                            "members.29": "blairboy362",
                            "members.3": "minhngocd",
                            "members.4": "ejrowley",
                            "members.5": "chrisholmes",
                            "members.6": "thomasalanlee",
                            "members.7": "mmhmm",
                            "members.8": "tlwr",
                            "members.9": "kerrr",
                            "name": "verify-tech-team-infrastructure",
                            "permission": "pull",
                            "privacy": "closed",
                            "slug": "verify-tech-team-infrastructure"
                        },
                        "meta": {},
                        "tainted": false
                    },
                    "deposed": [],
                    "provider": "provider.github"
                },
                "data.github_team.teams.5": {
                    "type": "github_team",
                    "depends_on": [],
                    "primary": {
                        "id": "2915524",
                        "attributes": {
                            "description": "Verify tech team: verify-tech-team-tools",
                            "id": "2915524",
                            "members.#": "30",
                            "members.0": "46bit",
                            "members.1": "galund",
                            "members.10": "vixus0",
                            "members.11": "robinmitra",
                            "members.12": "brenetic",
                            "members.13": "nacnudus",
                            "members.14": "CharlesIC",
                            "members.15": "jkunle",
                            "members.16": "sakisv",
                            "members.17": "javindo",
                            "members.18": "simonwo",
                            "members.19": "ronocg",
                            "members.2": "phantas",
                            "members.20": "mikieet",
                            "members.21": "karlbaker02",
                            "members.22": "Rosa-Fox",
                            "members.23": "andrewchong",
                            "members.24": "kgarwood",
                            "members.25": "ida-build-bot",
                            "members.26": "chrisclayson",
                            "members.27": "smford",
                            "members.28": "sgreensmith",
                            "members.29": "blairboy362",
                            "members.3": "minhngocd",
                            "members.4": "ejrowley",
                            "members.5": "chrisholmes",
                            "members.6": "thomasalanlee",
                            "members.7": "mmhmm",
                            "members.8": "tlwr",
                            "members.9": "kerrr",
                            "name": "verify-tech-team-tools",
                            "permission": "pull",
                            "privacy": "closed",
                            "slug": "verify-tech-team-tools"
                        },
                        "meta": {},
                        "tainted": false
                    },
                    "deposed": [],
                    "provider": "provider.github"
                }
            },
            "depends_on": []
        },
        {
            "path": [
                "root",
                "mission_eidas"
            ],
            "outputs": {
                "teams": {
                    "sensitive": false,
                    "type": "list",
                    "value": [
                        "2826122",
                        "2826121",
                        "2826120",
                        "2826126",
                        "2826123",
                        "2826125",
                        "2915524"
                    ]
                }
            },
            "resources": {
                "data.github_team.teams.0": {
                    "type": "github_team",
                    "depends_on": [],
                    "primary": {
                        "id": "2826122",
                        "attributes": {
                            "description": "Verify tech team: verify-tech-team-core-hub",
                            "id": "2826122",
                            "members.#": "30",
                            "members.0": "46bit",
                            "members.1": "galund",
                            "members.10": "nacnudus",
                            "members.11": "CharlesIC",
                            "members.12": "jkunle",
                            "members.13": "javindo",
                            "members.14": "simonwo",
                            "members.15": "mikieet",
                            "members.16": "karlbaker02",
                            "members.17": "Rosa-Fox",
                            "members.18": "andrewchong",
                            "members.19": "kgarwood",
                            "members.2": "phantas",
                            "members.20": "ida-build-bot",
                            "members.21": "chrisclayson",
                            "members.22": "sgreensmith",
                            "members.23": "Wynndow",
                            "members.24": "andy-paine",
                            "members.25": "tomrosier",
                            "members.26": "RacingHippo",
                            "members.27": "bravegrape",
                            "members.28": "daniele-occhipinti",
                            "members.29": "AmritSidhu",
                            "members.3": "minhngocd",
                            "members.4": "chrisholmes",
                            "members.5": "thomasalanlee",
                            "members.6": "kerrr",
                            "members.7": "vixus0",
                            "members.8": "robinmitra",
                            "members.9": "brenetic",
                            "name": "verify-tech-team-core-hub",
                            "permission": "pull",
                            "privacy": "closed",
                            "slug": "verify-tech-team-core-hub"
                        },
                        "meta": {},
                        "tainted": false
                    },
                    "deposed": [],
                    "provider": "provider.github"
                },
                "data.github_team.teams.1": {
                    "type": "github_team",
                    "depends_on": [],
                    "primary": {
                        "id": "2826121",
                        "attributes": {
                            "description": "Verify tech team: verify-tech-team-eidas-notification",
                            "id": "2826121",
                            "members.#": "17",
                            "members.0": "46bit",
                            "members.1": "minhngocd",
                            "members.10": "Wynndow",
                            "members.11": "andy-paine",
                            "members.12": "tomrosier",
                            "members.13": "IreneLau-GDS",
                            "members.14": "guruchand",
                            "members.15": "JHjava",
                            "members.16": "dbes-gds",
                            "members.2": "chrisholmes",
                            "members.3": "thomasalanlee",
                            "members.4": "vixus0",
                            "members.5": "CharlesIC",
                            "members.6": "simonwo",
                            "members.7": "andrewchong",
                            "members.8": "kgarwood",
                            "members.9": "ida-build-bot",
                            "name": "verify-tech-team-eidas-notification",
                            "permission": "pull",
                            "privacy": "closed",
                            "slug": "verify-tech-team-eidas-notification"
                        },
                        "meta": {},
                        "tainted": false
                    },
                    "deposed": [],
                    "provider": "provider.github"
                },
                "data.github_team.teams.2": {
                    "type": "github_team",
                    "depends_on": [],
                    "primary": {
                        "id": "2826120",
                        "attributes": {
                            "description": "Verify tech team: verify-tech-team-eidas-middleware",
                            "id": "2826120",
                            "members.#": "28",
                            "members.0": "46bit",
                            "members.1": "minhngocd",
                            "members.10": "simonwo",
                            "members.11": "ronocg",
                            "members.12": "andrewchong",
                            "members.13": "kgarwood",
                            "members.14": "ida-build-bot",
                            "members.15": "smford",
                            "members.16": "blairboy362",
                            "members.17": "Wynndow",
                            "members.18": "andy-paine",
                            "members.19": "tomrosier",
                            "members.2": "ejrowley",
                            "members.20": "jstandring-gds",
                            "members.21": "adityapahuja",
                            "members.22": "rhowe-gds",
                            "members.23": "IreneLau-GDS",
                            "members.24": "guruchand",
                            "members.25": "JHjava",
                            "members.26": "matthewcullum-gds",
                            "members.27": "dbes-gds",
                            "members.3": "chrisholmes",
                            "members.4": "thomasalanlee",
                            "members.5": "mmhmm",
                            "members.6": "tlwr",
                            "members.7": "vixus0",
                            "members.8": "CharlesIC",
                            "members.9": "sakisv",
                            "name": "verify-tech-team-eidas-middleware",
                            "permission": "pull",
                            "privacy": "closed",
                            "slug": "verify-tech-team-eidas-middleware"
                        },
                        "meta": {},
                        "tainted": false
                    },
                    "deposed": [],
                    "provider": "provider.github"
                },
                "data.github_team.teams.3": {
                    "type": "github_team",
                    "depends_on": [],
                    "primary": {
                        "id": "2826126",
                        "attributes": {
                            "description": "Verify tech team: verify-tech-team-dcs",
                            "id": "2826126",
                            "members.#": "30",
                            "members.0": "46bit",
                            "members.1": "galund",
                            "members.10": "robinmitra",
                            "members.11": "brenetic",
                            "members.12": "CharlesIC",
                            "members.13": "jkunle",
                            "members.14": "sakisv",
                            "members.15": "simonwo",
                            "members.16": "ronocg",
                            "members.17": "karlbaker02",
                            "members.18": "Rosa-Fox",
                            "members.19": "andrewchong",
                            "members.2": "phantas",
                            "members.20": "kgarwood",
                            "members.21": "ida-build-bot",
                            "members.22": "smford",
                            "members.23": "sgreensmith",
                            "members.24": "blairboy362",
                            "members.25": "Wynndow",
                            "members.26": "andy-paine",
                            "members.27": "tomrosier",
                            "members.28": "RacingHippo",
                            "members.29": "bravegrape",
                            "members.3": "minhngocd",
                            "members.4": "ejrowley",
                            "members.5": "chrisholmes",
                            "members.6": "thomasalanlee",
                            "members.7": "mmhmm",
                            "members.8": "tlwr",
                            "members.9": "vixus0",
                            "name": "verify-tech-team-dcs",
                            "permission": "pull",
                            "privacy": "closed",
                            "slug": "verify-tech-team-dcs"
                        },
                        "meta": {},
                        "tainted": false
                    },
                    "deposed": [],
                    "provider": "provider.github"
                },
                "data.github_team.teams.4": {
                    "type": "github_team",
                    "depends_on": [],
                    "primary": {
                        "id": "2826123",
                        "attributes": {
                            "description": "Verify tech team: verify-tech-team-frontend",
                            "id": "2826123",
                            "members.#": "30",
                            "members.0": "46bit",
                            "members.1": "galund",
                            "members.10": "nacnudus",
                            "members.11": "CharlesIC",
                            "members.12": "jkunle",
                            "members.13": "javindo",
                            "members.14": "simonwo",
                            "members.15": "mikieet",
                            "members.16": "karlbaker02",
                            "members.17": "Rosa-Fox",
                            "members.18": "andrewchong",
                            "members.19": "kgarwood",
                            "members.2": "phantas",
                            "members.20": "ida-build-bot",
                            "members.21": "chrisclayson",
                            "members.22": "sgreensmith",
                            "members.23": "Wynndow",
                            "members.24": "andy-paine",
                            "members.25": "tomrosier",
                            "members.26": "RacingHippo",
                            "members.27": "bravegrape",
                            "members.28": "daniele-occhipinti",
                            "members.29": "AmritSidhu",
                            "members.3": "minhngocd",
                            "members.4": "chrisholmes",
                            "members.5": "thomasalanlee",
                            "members.6": "kerrr",
                            "members.7": "vixus0",
                            "members.8": "robinmitra",
                            "members.9": "brenetic",
                            "name": "verify-tech-team-frontend",
                            "permission": "pull",
                            "privacy": "closed",
                            "slug": "verify-tech-team-frontend"
                        },
                        "meta": {},
                        "tainted": false
                    },
                    "deposed": [],
                    "provider": "provider.github"
                },
                "data.github_team.teams.5": {
                    "type": "github_team",
                    "depends_on": [],
                    "primary": {
                        "id": "2826125",
                        "attributes": {
                            "description": "Verify tech team: verify-tech-team-infrastructure",
                            "id": "2826125",
                            "members.#": "30",
                            "members.0": "46bit",
                            "members.1": "galund",
                            "members.10": "vixus0",
                            "members.11": "robinmitra",
                            "members.12": "brenetic",
                            "members.13": "nacnudus",
                            "members.14": "CharlesIC",
                            "members.15": "jkunle",
                            "members.16": "sakisv",
                            "members.17": "javindo",
                            "members.18": "simonwo",
                            "members.19": "ronocg",
                            "members.2": "phantas",
                            "members.20": "mikieet",
                            "members.21": "karlbaker02",
                            "members.22": "Rosa-Fox",
                            "members.23": "andrewchong",
                            "members.24": "kgarwood",
                            "members.25": "ida-build-bot",
                            "members.26": "chrisclayson",
                            "members.27": "smford",
                            "members.28": "sgreensmith",
                            "members.29": "blairboy362",
                            "members.3": "minhngocd",
                            "members.4": "ejrowley",
                            "members.5": "chrisholmes",
                            "members.6": "thomasalanlee",
                            "members.7": "mmhmm",
                            "members.8": "tlwr",
                            "members.9": "kerrr",
                            "name": "verify-tech-team-infrastructure",
                            "permission": "pull",
                            "privacy": "closed",
                            "slug": "verify-tech-team-infrastructure"
                        },
                        "meta": {},
                        "tainted": false
                    },
                    "deposed": [],
                    "provider": "provider.github"
                },
                "data.github_team.teams.6": {
                    "type": "github_team",
                    "depends_on": [],
                    "primary": {
                        "id": "2915524",
                        "attributes": {
                            "description": "Verify tech team: verify-tech-team-tools",
                            "id": "2915524",
                            "members.#": "30",
                            "members.0": "46bit",
                            "members.1": "galund",
                            "members.10": "vixus0",
                            "members.11": "robinmitra",
                            "members.12": "brenetic",
                            "members.13": "nacnudus",
                            "members.14": "CharlesIC",
                            "members.15": "jkunle",
                            "members.16": "sakisv",
                            "members.17": "javindo",
                            "members.18": "simonwo",
                            "members.19": "ronocg",
                            "members.2": "phantas",
                            "members.20": "mikieet",
                            "members.21": "karlbaker02",
                            "members.22": "Rosa-Fox",
                            "members.23": "andrewchong",
                            "members.24": "kgarwood",
                            "members.25": "ida-build-bot",
                            "members.26": "chrisclayson",
                            "members.27": "smford",
                            "members.28": "sgreensmith",
                            "members.29": "blairboy362",
                            "members.3": "minhngocd",
                            "members.4": "ejrowley",
                            "members.5": "chrisholmes",
                            "members.6": "thomasalanlee",
                            "members.7": "mmhmm",
                            "members.8": "tlwr",
                            "members.9": "kerrr",
                            "name": "verify-tech-team-tools",
                            "permission": "pull",
                            "privacy": "closed",
                            "slug": "verify-tech-team-tools"
                        },
                        "meta": {},
                        "tainted": false
                    },
                    "deposed": [],
                    "provider": "provider.github"
                }
            },
            "depends_on": []
        },
        {
            "path": [
                "root",
                "mission_optimising"
            ],
            "outputs": {
                "teams": {
                    "sensitive": false,
                    "type": "list",
                    "value": [
                        "2826122",
                        "2826123",
                        "2826125",
                        "2915524"
                    ]
                }
            },
            "resources": {
                "data.github_team.teams.0": {
                    "type": "github_team",
                    "depends_on": [],
                    "primary": {
                        "id": "2826122",
                        "attributes": {
                            "description": "Verify tech team: verify-tech-team-core-hub",
                            "id": "2826122",
                            "members.#": "30",
                            "members.0": "46bit",
                            "members.1": "galund",
                            "members.10": "nacnudus",
                            "members.11": "CharlesIC",
                            "members.12": "jkunle",
                            "members.13": "javindo",
                            "members.14": "simonwo",
                            "members.15": "mikieet",
                            "members.16": "karlbaker02",
                            "members.17": "Rosa-Fox",
                            "members.18": "andrewchong",
                            "members.19": "kgarwood",
                            "members.2": "phantas",
                            "members.20": "ida-build-bot",
                            "members.21": "chrisclayson",
                            "members.22": "sgreensmith",
                            "members.23": "Wynndow",
                            "members.24": "andy-paine",
                            "members.25": "tomrosier",
                            "members.26": "RacingHippo",
                            "members.27": "bravegrape",
                            "members.28": "daniele-occhipinti",
                            "members.29": "AmritSidhu",
                            "members.3": "minhngocd",
                            "members.4": "chrisholmes",
                            "members.5": "thomasalanlee",
                            "members.6": "kerrr",
                            "members.7": "vixus0",
                            "members.8": "robinmitra",
                            "members.9": "brenetic",
                            "name": "verify-tech-team-core-hub",
                            "permission": "pull",
                            "privacy": "closed",
                            "slug": "verify-tech-team-core-hub"
                        },
                        "meta": {},
                        "tainted": false
                    },
                    "deposed": [],
                    "provider": "provider.github"
                },
                "data.github_team.teams.1": {
                    "type": "github_team",
                    "depends_on": [],
                    "primary": {
                        "id": "2826123",
                        "attributes": {
                            "description": "Verify tech team: verify-tech-team-frontend",
                            "id": "2826123",
                            "members.#": "30",
                            "members.0": "46bit",
                            "members.1": "galund",
                            "members.10": "nacnudus",
                            "members.11": "CharlesIC",
                            "members.12": "jkunle",
                            "members.13": "javindo",
                            "members.14": "simonwo",
                            "members.15": "mikieet",
                            "members.16": "karlbaker02",
                            "members.17": "Rosa-Fox",
                            "members.18": "andrewchong",
                            "members.19": "kgarwood",
                            "members.2": "phantas",
                            "members.20": "ida-build-bot",
                            "members.21": "chrisclayson",
                            "members.22": "sgreensmith",
                            "members.23": "Wynndow",
                            "members.24": "andy-paine",
                            "members.25": "tomrosier",
                            "members.26": "RacingHippo",
                            "members.27": "bravegrape",
                            "members.28": "daniele-occhipinti",
                            "members.29": "AmritSidhu",
                            "members.3": "minhngocd",
                            "members.4": "chrisholmes",
                            "members.5": "thomasalanlee",
                            "members.6": "kerrr",
                            "members.7": "vixus0",
                            "members.8": "robinmitra",
                            "members.9": "brenetic",
                            "name": "verify-tech-team-frontend",
                            "permission": "pull",
                            "privacy": "closed",
                            "slug": "verify-tech-team-frontend"
                        },
                        "meta": {},
                        "tainted": false
                    },
                    "deposed": [],
                    "provider": "provider.github"
                },
                "data.github_team.teams.2": {
                    "type": "github_team",
                    "depends_on": [],
                    "primary": {
                        "id": "2826125",
                        "attributes": {
                            "description": "Verify tech team: verify-tech-team-infrastructure",
                            "id": "2826125",
                            "members.#": "30",
                            "members.0": "46bit",
                            "members.1": "galund",
                            "members.10": "vixus0",
                            "members.11": "robinmitra",
                            "members.12": "brenetic",
                            "members.13": "nacnudus",
                            "members.14": "CharlesIC",
                            "members.15": "jkunle",
                            "members.16": "sakisv",
                            "members.17": "javindo",
                            "members.18": "simonwo",
                            "members.19": "ronocg",
                            "members.2": "phantas",
                            "members.20": "mikieet",
                            "members.21": "karlbaker02",
                            "members.22": "Rosa-Fox",
                            "members.23": "andrewchong",
                            "members.24": "kgarwood",
                            "members.25": "ida-build-bot",
                            "members.26": "chrisclayson",
                            "members.27": "smford",
                            "members.28": "sgreensmith",
                            "members.29": "blairboy362",
                            "members.3": "minhngocd",
                            "members.4": "ejrowley",
                            "members.5": "chrisholmes",
                            "members.6": "thomasalanlee",
                            "members.7": "mmhmm",
                            "members.8": "tlwr",
                            "members.9": "kerrr",
                            "name": "verify-tech-team-infrastructure",
                            "permission": "pull",
                            "privacy": "closed",
                            "slug": "verify-tech-team-infrastructure"
                        },
                        "meta": {},
                        "tainted": false
                    },
                    "deposed": [],
                    "provider": "provider.github"
                },
                "data.github_team.teams.3": {
                    "type": "github_team",
                    "depends_on": [],
                    "primary": {
                        "id": "2915524",
                        "attributes": {
                            "description": "Verify tech team: verify-tech-team-tools",
                            "id": "2915524",
                            "members.#": "30",
                            "members.0": "46bit",
                            "members.1": "galund",
                            "members.10": "vixus0",
                            "members.11": "robinmitra",
                            "members.12": "brenetic",
                            "members.13": "nacnudus",
                            "members.14": "CharlesIC",
                            "members.15": "jkunle",
                            "members.16": "sakisv",
                            "members.17": "javindo",
                            "members.18": "simonwo",
                            "members.19": "ronocg",
                            "members.2": "phantas",
                            "members.20": "mikieet",
                            "members.21": "karlbaker02",
                            "members.22": "Rosa-Fox",
                            "members.23": "andrewchong",
                            "members.24": "kgarwood",
                            "members.25": "ida-build-bot",
                            "members.26": "chrisclayson",
                            "members.27": "smford",
                            "members.28": "sgreensmith",
                            "members.29": "blairboy362",
                            "members.3": "minhngocd",
                            "members.4": "ejrowley",
                            "members.5": "chrisholmes",
                            "members.6": "thomasalanlee",
                            "members.7": "mmhmm",
                            "members.8": "tlwr",
                            "members.9": "kerrr",
                            "name": "verify-tech-team-tools",
                            "permission": "pull",
                            "privacy": "closed",
                            "slug": "verify-tech-team-tools"
                        },
                        "meta": {},
                        "tainted": false
                    },
                    "deposed": [],
                    "provider": "provider.github"
                }
            },
            "depends_on": []
        },
        {
            "path": [
                "root",
                "mission_performance"
            ],
            "outputs": {
                "teams": {
                    "sensitive": false,
                    "type": "list",
                    "value": [
                        "2826122",
                        "2826127",
                        "2826126",
                        "2826123",
                        "2826125",
                        "2915520",
                        "2915524"
                    ]
                }
            },
            "resources": {
                "data.github_team.teams.0": {
                    "type": "github_team",
                    "depends_on": [],
                    "primary": {
                        "id": "2826122",
                        "attributes": {
                            "description": "Verify tech team: verify-tech-team-core-hub",
                            "id": "2826122",
                            "members.#": "30",
                            "members.0": "46bit",
                            "members.1": "galund",
                            "members.10": "nacnudus",
                            "members.11": "CharlesIC",
                            "members.12": "jkunle",
                            "members.13": "javindo",
                            "members.14": "simonwo",
                            "members.15": "mikieet",
                            "members.16": "karlbaker02",
                            "members.17": "Rosa-Fox",
                            "members.18": "andrewchong",
                            "members.19": "kgarwood",
                            "members.2": "phantas",
                            "members.20": "ida-build-bot",
                            "members.21": "chrisclayson",
                            "members.22": "sgreensmith",
                            "members.23": "Wynndow",
                            "members.24": "andy-paine",
                            "members.25": "tomrosier",
                            "members.26": "RacingHippo",
                            "members.27": "bravegrape",
                            "members.28": "daniele-occhipinti",
                            "members.29": "AmritSidhu",
                            "members.3": "minhngocd",
                            "members.4": "chrisholmes",
                            "members.5": "thomasalanlee",
                            "members.6": "kerrr",
                            "members.7": "vixus0",
                            "members.8": "robinmitra",
                            "members.9": "brenetic",
                            "name": "verify-tech-team-core-hub",
                            "permission": "pull",
                            "privacy": "closed",
                            "slug": "verify-tech-team-core-hub"
                        },
                        "meta": {},
                        "tainted": false
                    },
                    "deposed": [],
                    "provider": "provider.github"
                },
                "data.github_team.teams.1": {
                    "type": "github_team",
                    "depends_on": [],
                    "primary": {
                        "id": "2826127",
                        "attributes": {
                            "description": "Verify tech team: verify-tech-team-connecting",
                            "id": "2826127",
                            "members.#": "29",
                            "members.0": "galund",
                            "members.1": "phantas",
                            "members.10": "jkunle",
                            "members.11": "sakisv",
                            "members.12": "ronocg",
                            "members.13": "karlbaker02",
                            "members.14": "Rosa-Fox",
                            "members.15": "ida-build-bot",
                            "members.16": "smford",
                            "members.17": "sgreensmith",
                            "members.18": "blairboy362",
                            "members.19": "andy-paine",
                            "members.2": "ejrowley",
                            "members.20": "RacingHippo",
                            "members.21": "bravegrape",
                            "members.22": "jstandring-gds",
                            "members.23": "adityapahuja",
                            "members.24": "rhowe-gds",
                            "members.25": "AmritSidhu",
                            "members.26": "alan-gds",
                            "members.27": "IreneLau-GDS",
                            "members.28": "matthewcullum-gds",
                            "members.3": "chrisholmes",
                            "members.4": "thomasalanlee",
                            "members.5": "mmhmm",
                            "members.6": "tlwr",
                            "members.7": "vixus0",
                            "members.8": "robinmitra",
                            "members.9": "brenetic",
                            "name": "verify-tech-team-connecting",
                            "permission": "pull",
                            "privacy": "closed",
                            "slug": "verify-tech-team-connecting"
                        },
                        "meta": {},
                        "tainted": false
                    },
                    "deposed": [],
                    "provider": "provider.github"
                },
                "data.github_team.teams.2": {
                    "type": "github_team",
                    "depends_on": [],
                    "primary": {
                        "id": "2826126",
                        "attributes": {
                            "description": "Verify tech team: verify-tech-team-dcs",
                            "id": "2826126",
                            "members.#": "30",
                            "members.0": "46bit",
                            "members.1": "galund",
                            "members.10": "robinmitra",
                            "members.11": "brenetic",
                            "members.12": "CharlesIC",
                            "members.13": "jkunle",
                            "members.14": "sakisv",
                            "members.15": "simonwo",
                            "members.16": "ronocg",
                            "members.17": "karlbaker02",
                            "members.18": "Rosa-Fox",
                            "members.19": "andrewchong",
                            "members.2": "phantas",
                            "members.20": "kgarwood",
                            "members.21": "ida-build-bot",
                            "members.22": "smford",
                            "members.23": "sgreensmith",
                            "members.24": "blairboy362",
                            "members.25": "Wynndow",
                            "members.26": "andy-paine",
                            "members.27": "tomrosier",
                            "members.28": "RacingHippo",
                            "members.29": "bravegrape",
                            "members.3": "minhngocd",
                            "members.4": "ejrowley",
                            "members.5": "chrisholmes",
                            "members.6": "thomasalanlee",
                            "members.7": "mmhmm",
                            "members.8": "tlwr",
                            "members.9": "vixus0",
                            "name": "verify-tech-team-dcs",
                            "permission": "pull",
                            "privacy": "closed",
                            "slug": "verify-tech-team-dcs"
                        },
                        "meta": {},
                        "tainted": false
                    },
                    "deposed": [],
                    "provider": "provider.github"
                },
                "data.github_team.teams.3": {
                    "type": "github_team",
                    "depends_on": [],
                    "primary": {
                        "id": "2826123",
                        "attributes": {
                            "description": "Verify tech team: verify-tech-team-frontend",
                            "id": "2826123",
                            "members.#": "30",
                            "members.0": "46bit",
                            "members.1": "galund",
                            "members.10": "nacnudus",
                            "members.11": "CharlesIC",
                            "members.12": "jkunle",
                            "members.13": "javindo",
                            "members.14": "simonwo",
                            "members.15": "mikieet",
                            "members.16": "karlbaker02",
                            "members.17": "Rosa-Fox",
                            "members.18": "andrewchong",
                            "members.19": "kgarwood",
                            "members.2": "phantas",
                            "members.20": "ida-build-bot",
                            "members.21": "chrisclayson",
                            "members.22": "sgreensmith",
                            "members.23": "Wynndow",
                            "members.24": "andy-paine",
                            "members.25": "tomrosier",
                            "members.26": "RacingHippo",
                            "members.27": "bravegrape",
                            "members.28": "daniele-occhipinti",
                            "members.29": "AmritSidhu",
                            "members.3": "minhngocd",
                            "members.4": "chrisholmes",
                            "members.5": "thomasalanlee",
                            "members.6": "kerrr",
                            "members.7": "vixus0",
                            "members.8": "robinmitra",
                            "members.9": "brenetic",
                            "name": "verify-tech-team-frontend",
                            "permission": "pull",
                            "privacy": "closed",
                            "slug": "verify-tech-team-frontend"
                        },
                        "meta": {},
                        "tainted": false
                    },
                    "deposed": [],
                    "provider": "provider.github"
                },
                "data.github_team.teams.4": {
                    "type": "github_team",
                    "depends_on": [],
                    "primary": {
                        "id": "2826125",
                        "attributes": {
                            "description": "Verify tech team: verify-tech-team-infrastructure",
                            "id": "2826125",
                            "members.#": "30",
                            "members.0": "46bit",
                            "members.1": "galund",
                            "members.10": "vixus0",
                            "members.11": "robinmitra",
                            "members.12": "brenetic",
                            "members.13": "nacnudus",
                            "members.14": "CharlesIC",
                            "members.15": "jkunle",
                            "members.16": "sakisv",
                            "members.17": "javindo",
                            "members.18": "simonwo",
                            "members.19": "ronocg",
                            "members.2": "phantas",
                            "members.20": "mikieet",
                            "members.21": "karlbaker02",
                            "members.22": "Rosa-Fox",
                            "members.23": "andrewchong",
                            "members.24": "kgarwood",
                            "members.25": "ida-build-bot",
                            "members.26": "chrisclayson",
                            "members.27": "smford",
                            "members.28": "sgreensmith",
                            "members.29": "blairboy362",
                            "members.3": "minhngocd",
                            "members.4": "ejrowley",
                            "members.5": "chrisholmes",
                            "members.6": "thomasalanlee",
                            "members.7": "mmhmm",
                            "members.8": "tlwr",
                            "members.9": "kerrr",
                            "name": "verify-tech-team-infrastructure",
                            "permission": "pull",
                            "privacy": "closed",
                            "slug": "verify-tech-team-infrastructure"
                        },
                        "meta": {},
                        "tainted": false
                    },
                    "deposed": [],
                    "provider": "provider.github"
                },
                "data.github_team.teams.5": {
                    "type": "github_team",
                    "depends_on": [],
                    "primary": {
                        "id": "2915520",
                        "attributes": {
                            "description": "Verify tech team: verify-tech-team-performance-dev",
                            "id": "2915520",
                            "members.#": "10",
                            "members.0": "galund",
                            "members.1": "phantas",
                            "members.2": "chrisholmes",
                            "members.3": "thomasalanlee",
                            "members.4": "vixus0",
                            "members.5": "robinmitra",
                            "members.6": "brenetic",
                            "members.7": "ida-build-bot",
                            "members.8": "andy-paine",
                            "members.9": "IreneLau-GDS",
                            "name": "verify-tech-team-performance-dev",
                            "permission": "pull",
                            "privacy": "closed",
                            "slug": "verify-tech-team-performance-dev"
                        },
                        "meta": {},
                        "tainted": false
                    },
                    "deposed": [],
                    "provider": "provider.github"
                },
                "data.github_team.teams.6": {
                    "type": "github_team",
                    "depends_on": [],
                    "primary": {
                        "id": "2915524",
                        "attributes": {
                            "description": "Verify tech team: verify-tech-team-tools",
                            "id": "2915524",
                            "members.#": "30",
                            "members.0": "46bit",
                            "members.1": "galund",
                            "members.10": "vixus0",
                            "members.11": "robinmitra",
                            "members.12": "brenetic",
                            "members.13": "nacnudus",
                            "members.14": "CharlesIC",
                            "members.15": "jkunle",
                            "members.16": "sakisv",
                            "members.17": "javindo",
                            "members.18": "simonwo",
                            "members.19": "ronocg",
                            "members.2": "phantas",
                            "members.20": "mikieet",
                            "members.21": "karlbaker02",
                            "members.22": "Rosa-Fox",
                            "members.23": "andrewchong",
                            "members.24": "kgarwood",
                            "members.25": "ida-build-bot",
                            "members.26": "chrisclayson",
                            "members.27": "smford",
                            "members.28": "sgreensmith",
                            "members.29": "blairboy362",
                            "members.3": "minhngocd",
                            "members.4": "ejrowley",
                            "members.5": "chrisholmes",
                            "members.6": "thomasalanlee",
                            "members.7": "mmhmm",
                            "members.8": "tlwr",
                            "members.9": "kerrr",
                            "name": "verify-tech-team-tools",
                            "permission": "pull",
                            "privacy": "closed",
                            "slug": "verify-tech-team-tools"
                        },
                        "meta": {},
                        "tainted": false
                    },
                    "deposed": [],
                    "provider": "provider.github"
                }
            },
            "depends_on": []
        },
        {
            "path": [
                "root",
                "mission_performance_pa"
            ],
            "outputs": {
                "teams": {
                    "sensitive": false,
                    "type": "list",
                    "value": [
                        "2826124"
                    ]
                }
            },
            "resources": {
                "data.github_team.teams": {
                    "type": "github_team",
                    "depends_on": [],
                    "primary": {
                        "id": "2826124",
                        "attributes": {
                            "description": "Verify tech team: verify-tech-team-performance-pa",
                            "id": "2826124",
                            "members.#": "10",
                            "members.0": "chrisholmes",
                            "members.1": "thomasalanlee",
                            "members.2": "zilnhoj",
                            "members.3": "vixus0",
                            "members.4": "AnneCarr",
                            "members.5": "ida-build-bot",
                            "members.6": "andy-paine",
                            "members.7": "sarah-dean",
                            "members.8": "IreneLau-GDS",
                            "members.9": "Mariaslo",
                            "name": "verify-tech-team-performance-pa",
                            "permission": "pull",
                            "privacy": "closed",
                            "slug": "verify-tech-team-performance-pa"
                        },
                        "meta": {},
                        "tainted": false
                    },
                    "deposed": [],
                    "provider": "provider.github"
                }
            },
            "depends_on": []
        },
        {
            "path": [
                "root",
                "mission_re"
            ],
            "outputs": {
                "teams": {
                    "sensitive": false,
                    "type": "list",
                    "value": [
                        "2826127",
                        "2826126",
                        "2826120",
                        "2826125",
                        "2915524"
                    ]
                }
            },
            "resources": {
                "data.github_team.teams.0": {
                    "type": "github_team",
                    "depends_on": [],
                    "primary": {
                        "id": "2826127",
                        "attributes": {
                            "description": "Verify tech team: verify-tech-team-connecting",
                            "id": "2826127",
                            "members.#": "29",
                            "members.0": "galund",
                            "members.1": "phantas",
                            "members.10": "jkunle",
                            "members.11": "sakisv",
                            "members.12": "ronocg",
                            "members.13": "karlbaker02",
                            "members.14": "Rosa-Fox",
                            "members.15": "ida-build-bot",
                            "members.16": "smford",
                            "members.17": "sgreensmith",
                            "members.18": "blairboy362",
                            "members.19": "andy-paine",
                            "members.2": "ejrowley",
                            "members.20": "RacingHippo",
                            "members.21": "bravegrape",
                            "members.22": "jstandring-gds",
                            "members.23": "adityapahuja",
                            "members.24": "rhowe-gds",
                            "members.25": "AmritSidhu",
                            "members.26": "alan-gds",
                            "members.27": "IreneLau-GDS",
                            "members.28": "matthewcullum-gds",
                            "members.3": "chrisholmes",
                            "members.4": "thomasalanlee",
                            "members.5": "mmhmm",
                            "members.6": "tlwr",
                            "members.7": "vixus0",
                            "members.8": "robinmitra",
                            "members.9": "brenetic",
                            "name": "verify-tech-team-connecting",
                            "permission": "pull",
                            "privacy": "closed",
                            "slug": "verify-tech-team-connecting"
                        },
                        "meta": {},
                        "tainted": false
                    },
                    "deposed": [],
                    "provider": "provider.github"
                },
                "data.github_team.teams.1": {
                    "type": "github_team",
                    "depends_on": [],
                    "primary": {
                        "id": "2826126",
                        "attributes": {
                            "description": "Verify tech team: verify-tech-team-dcs",
                            "id": "2826126",
                            "members.#": "30",
                            "members.0": "46bit",
                            "members.1": "galund",
                            "members.10": "robinmitra",
                            "members.11": "brenetic",
                            "members.12": "CharlesIC",
                            "members.13": "jkunle",
                            "members.14": "sakisv",
                            "members.15": "simonwo",
                            "members.16": "ronocg",
                            "members.17": "karlbaker02",
                            "members.18": "Rosa-Fox",
                            "members.19": "andrewchong",
                            "members.2": "phantas",
                            "members.20": "kgarwood",
                            "members.21": "ida-build-bot",
                            "members.22": "smford",
                            "members.23": "sgreensmith",
                            "members.24": "blairboy362",
                            "members.25": "Wynndow",
                            "members.26": "andy-paine",
                            "members.27": "tomrosier",
                            "members.28": "RacingHippo",
                            "members.29": "bravegrape",
                            "members.3": "minhngocd",
                            "members.4": "ejrowley",
                            "members.5": "chrisholmes",
                            "members.6": "thomasalanlee",
                            "members.7": "mmhmm",
                            "members.8": "tlwr",
                            "members.9": "vixus0",
                            "name": "verify-tech-team-dcs",
                            "permission": "pull",
                            "privacy": "closed",
                            "slug": "verify-tech-team-dcs"
                        },
                        "meta": {},
                        "tainted": false
                    },
                    "deposed": [],
                    "provider": "provider.github"
                },
                "data.github_team.teams.2": {
                    "type": "github_team",
                    "depends_on": [],
                    "primary": {
                        "id": "2826120",
                        "attributes": {
                            "description": "Verify tech team: verify-tech-team-eidas-middleware",
                            "id": "2826120",
                            "members.#": "28",
                            "members.0": "46bit",
                            "members.1": "minhngocd",
                            "members.10": "simonwo",
                            "members.11": "ronocg",
                            "members.12": "andrewchong",
                            "members.13": "kgarwood",
                            "members.14": "ida-build-bot",
                            "members.15": "smford",
                            "members.16": "blairboy362",
                            "members.17": "Wynndow",
                            "members.18": "andy-paine",
                            "members.19": "tomrosier",
                            "members.2": "ejrowley",
                            "members.20": "jstandring-gds",
                            "members.21": "adityapahuja",
                            "members.22": "rhowe-gds",
                            "members.23": "IreneLau-GDS",
                            "members.24": "guruchand",
                            "members.25": "JHjava",
                            "members.26": "matthewcullum-gds",
                            "members.27": "dbes-gds",
                            "members.3": "chrisholmes",
                            "members.4": "thomasalanlee",
                            "members.5": "mmhmm",
                            "members.6": "tlwr",
                            "members.7": "vixus0",
                            "members.8": "CharlesIC",
                            "members.9": "sakisv",
                            "name": "verify-tech-team-eidas-middleware",
                            "permission": "pull",
                            "privacy": "closed",
                            "slug": "verify-tech-team-eidas-middleware"
                        },
                        "meta": {},
                        "tainted": false
                    },
                    "deposed": [],
                    "provider": "provider.github"
                },
                "data.github_team.teams.3": {
                    "type": "github_team",
                    "depends_on": [],
                    "primary": {
                        "id": "2826125",
                        "attributes": {
                            "description": "Verify tech team: verify-tech-team-infrastructure",
                            "id": "2826125",
                            "members.#": "30",
                            "members.0": "46bit",
                            "members.1": "galund",
                            "members.10": "vixus0",
                            "members.11": "robinmitra",
                            "members.12": "brenetic",
                            "members.13": "nacnudus",
                            "members.14": "CharlesIC",
                            "members.15": "jkunle",
                            "members.16": "sakisv",
                            "members.17": "javindo",
                            "members.18": "simonwo",
                            "members.19": "ronocg",
                            "members.2": "phantas",
                            "members.20": "mikieet",
                            "members.21": "karlbaker02",
                            "members.22": "Rosa-Fox",
                            "members.23": "andrewchong",
                            "members.24": "kgarwood",
                            "members.25": "ida-build-bot",
                            "members.26": "chrisclayson",
                            "members.27": "smford",
                            "members.28": "sgreensmith",
                            "members.29": "blairboy362",
                            "members.3": "minhngocd",
                            "members.4": "ejrowley",
                            "members.5": "chrisholmes",
                            "members.6": "thomasalanlee",
                            "members.7": "mmhmm",
                            "members.8": "tlwr",
                            "members.9": "kerrr",
                            "name": "verify-tech-team-infrastructure",
                            "permission": "pull",
                            "privacy": "closed",
                            "slug": "verify-tech-team-infrastructure"
                        },
                        "meta": {},
                        "tainted": false
                    },
                    "deposed": [],
                    "provider": "provider.github"
                },
                "data.github_team.teams.4": {
                    "type": "github_team",
                    "depends_on": [],
                    "primary": {
                        "id": "2915524",
                        "attributes": {
                            "description": "Verify tech team: verify-tech-team-tools",
                            "id": "2915524",
                            "members.#": "30",
                            "members.0": "46bit",
                            "members.1": "galund",
                            "members.10": "vixus0",
                            "members.11": "robinmitra",
                            "members.12": "brenetic",
                            "members.13": "nacnudus",
                            "members.14": "CharlesIC",
                            "members.15": "jkunle",
                            "members.16": "sakisv",
                            "members.17": "javindo",
                            "members.18": "simonwo",
                            "members.19": "ronocg",
                            "members.2": "phantas",
                            "members.20": "mikieet",
                            "members.21": "karlbaker02",
                            "members.22": "Rosa-Fox",
                            "members.23": "andrewchong",
                            "members.24": "kgarwood",
                            "members.25": "ida-build-bot",
                            "members.26": "chrisclayson",
                            "members.27": "smford",
                            "members.28": "sgreensmith",
                            "members.29": "blairboy362",
                            "members.3": "minhngocd",
                            "members.4": "ejrowley",
                            "members.5": "chrisholmes",
                            "members.6": "thomasalanlee",
                            "members.7": "mmhmm",
                            "members.8": "tlwr",
                            "members.9": "kerrr",
                            "name": "verify-tech-team-tools",
                            "permission": "pull",
                            "privacy": "closed",
                            "slug": "verify-tech-team-tools"
                        },
                        "meta": {},
                        "tainted": false
                    },
                    "deposed": [],
                    "provider": "provider.github"
                }
            },
            "depends_on": []
        },
        {
            "path": [
                "root",
                "user_46bit"
            ],
            "outputs": {},
            "resources": {
                "data.github_user.user": {
                    "type": "github_user",
                    "depends_on": [],
                    "primary": {
                        "id": "163111",
                        "attributes": {
                            "avatar_url": "https://avatars1.githubusercontent.com/u/163111?v=4",
                            "bio": "engineering for reliability at @gdsteam. they/them. autistic, agender and Rustacean. lover of drawing, porgs and cycling.",
                            "blog": "https://46b.it",
                            "company": "",
                            "email": "hi@46b.it",
                            "followers": "65",
                            "following": "83",
                            "gpg_keys.#": "3",
                            "gpg_keys.0": "xsFNBFiyP5oBEADNPiWiPaoSQ4JeklQv+TOazLAA6kbKyetk/A2vEq0vr4ZjiS6LBkNzoZRFOAhtJRomH9wds1TXvLZihEvEjsh0LhOTFTI8NBv7Jqu1qnXI6VAWsn5nnvds2XtcvogaD4y9FQWjU7Mh7IttuF9LhhiZ8L63Lp4TcG3rDXiNu85cQag0Our1Up5CVFEWIBPzN8HCoKqVuL7oljxJuDyw4yrc9qSMNf+q4NsRIrClaUo3QTvI0zmJxmDLhcYZi/nxCTSKaGP9DSDOHNd6oz86icj17iPajnzkXciT5aLcsoMLLiifpvkfUa0wrM2s/rw8k5hmxRdIqXRPvAvhrVoWIDcOwwE5PfhSXjqYXqGGMtQAzxerh8QFtZqMVQ8mAAGSt9xZljnG+YJu23uU56CI8cMQ8Qa7UECtHndoM4QCmbIT8F3kIXB4fN0yTMJ/LTqF1o1wy83vprNtV8LOsq/dC4/JadHN5FRhhKoDvqb8z0wCAyXNo1NDWOxP7p5FFYHwGdUZLAbhNh3UTNXRZazXDfmPOii3SrpbtJW3gMp9rZVBWHoADqmBk78x//n2lV1IY/Ui311/KFJ1uae9a5NZAmlpLOQUCHHa8GJfNZyGszE7ZhqiZ3L/b5d5xpNUn4kAUbOgMWMlIvTiP4T/3NRdDur7UIzk7qMUWriirBcXWfTkPwARAQAB",
                            "gpg_keys.1": "xsFNBFvEmNABEACU/QSqHTy5A8B6GqzkB1owp+Pihr4mM95LXUChqJbCms39dHt28yJWgMxsZE1cf/ZzQ2vpDsfk7BeO23T55PsrnpJ5yALJvoFUI4yvxpmIQPmpdqi3d0LgiHSxuQx1eBGqCoxYjKhsE+4U7TA2dfWrfbGRuD7SbEibpeSwx2UjUF2C5CiTXmZUCi+54ycQMPaICTVdysQkaLOlINomRb/h/cJRy5CW1Cw8P2J4zlWglbCN1CmhLgrxMgPVTKvmrbUrFvvpQdDm0Qmjiyr0BsWbctzV7t1Iy9BKpIREQFxM8NvZoDRrU6opkVgwKR4lTgkKI7slgZ+aJ10d6BUNlGAP/H7cZhjTMKM/RgFNwKF5K8Ya19mLhCRC3PAGahpAasxnzpExrig6i7cEp6D1eYkDtWnLfTN1TXIIdu5lmTj/rdmVFJ36LBeZ4IVE8WozsWMZL0Fw/K7tEAL8Z+GGa/EWjhfVckLZnuh5HSc+db1PMemeusU3OKcQws/z++nEKO58H2Fxp4VDOfnR9H3+5ElVfep0yV2bFTok6Jh5BUfjtZAWG8GfJnSGqgD/GGKydX2wuQKgUrDT0U9MQmECpKawEXejMtudtGNkQwfUHpAY8WwMva9MnejeYu8M+lFX8jk6SjD9DgKeEAjDoxXeNEMCCyB6/QsdZytgM6JMcV34KQARAQAB",
                            "gpg_keys.2": "xsFNBFljSm4BEAC/C/+Nv3p5FqHMyGgvwKEyKqNwov1cxail3yNATZGqKZFR6Pj0yhM7hjoDux1Yo34hv/0G0/k65CTXdhqnxv7wnCV1N8L+m6/tfo2LTIzSWI6Fu/BxivLxBHoS6e9wrzL2UY15eXoHy4T6afwtbl4s22tu+9Jwb5BWYcPuquyYWLglRjjyF7MO6YTbkwBJxSsr9gStr3SnNmf+xsHcbqNkd4Hxz1uPUGyWGZGdw6hI4qiNq9IeKQtFSqEo10U+bnyVjdC9LVzuF+6pl6BCSfWS34QdVnkLbcPUhPqKNAGotsQFxim06bcq7r+vrHYrO8jm4oDvRUVWTeTDchiKWxaSiKKbSiHEazSKUsO/Sy1/3JQ+wexWPKr6+ac7/XFD08jRz15vDNuGZmODs/cKBTz1///mWShzOsDeqTd/PqlTVbpON7gVSoPJ+rzp1Y0Rp/0ELunnuc1PYibgvGjmaHQjrn0kMGbmiGK5gY8mJDYnReH1ZZ8dOnPGJXqRpXTNn54w14viZktampz6xn+EyqRmGACiZIjK9yCQKtn/LAiK8XEsY/hXgWYg1uW/xF0bYk4RJXRrggBDAT3OPcXfdAKQOWHZeT2NtsjL7dn8Rc2d+fzB2yDRJDY3dMyR6bxD5BxEaYd8AxjNhSmqFcGrCa3aewAV92ed3vB8dI7a9IzlJwARAQAB",
                            "gravatar_id": "",
                            "id": "163111",
                            "location": "London, UK",
                            "login": "46bit",
                            "name": "Michael Mokrysz",
                            "public_gists": "100",
                            "public_repos": "57",
                            "site_admin": "false",
                            "ssh_keys.#": "4",
                            "ssh_keys.0": "ssh-rsa AAAAB3NzaC1yc2EAAAADAQABAAABAQDKZpV/AWPtrL9kRj/lz0KOcWVI1piAUJZIlGnR2NUonSkTke7NF1Pwp62+P7/pRx2eQHiApnUhZG/FMwcF58429vYt+vKEGieNerkjopj2jDg3PgNhFR7Gb4D5DpxzFHP8ln9botdTBVVnWzb4OEWIZAc4nmeoe2MhsKPLECmZxTGWk4ydI/Kwlg6nM5JXaSMMv7liFrlQ958L6dnXIBLEIeHsb0kxxDfrGOAbDmST80oeeDm+OKRqh2mH3QRqMTq+a0yAFg3szE/IcK9eP9HPoxCLxRzEGlWTrwcxle+xQ6DkJ45+87B1H5lmeHf/T+E8nC7w1CNxIyRTFcJeeDR/",
                            "ssh_keys.1": "ssh-rsa AAAAB3NzaC1yc2EAAAADAQABAAABAQDl3s62rsvyfXj3yLjLyeDVHPfAhBNjznjHPtZ+EhCHpq3c9I8Hp5pzLZJyTt1x0qj41Qweur8KpYxQ/EABjdUmZh69T/Vd8YrPIcfpnOPXRkFQogTFifL1ZC3I/JPtlmOADsxHCeghYQgxoZ8uAnVUxiNSS0Ni+SupyvWhITrbBvsRuTIw8Xmny/jzJnJe/CJjxE2cf0GBqDwVYW1vG2PNHTFNJYAQ7bYx6lhwbhNeaSTvGlhLlJrgA0GgJYUDL8b7vpAKarey8vTqk7cBJ6Wh1Eb880kM8dcNkmXsj7X3IjESC1/aQb535n3hbDon+uNyb9Mmkp5EYOnoEdQ+uMyP",
                            "ssh_keys.2": "ssh-rsa AAAAB3NzaC1yc2EAAAADAQABAAABAQDRTKpxynraZHo4taiGEAA1Pyki9Bq+jp6HpNBimD1Ou/dcVnmDfzuicR5a4vBXlQwH6vQ0wvNd82BzLvVqSW5+iOWKD8ExAO2vFhAa3UsiA+HT7hVCsdTBfn1ugnDW6rmozH9h1DHSA7Kyj7oaHVQZ3f9xAQN9aOuZk4DPXguG5W51h24hG10PpGuMA13m6jLF16FDwd3xs4bYBoq8m+GwOJyNiCFp2OnYsOKfqCbtQWvERvWNw4IJjDQc4P+cUPR5TFDjRUOeg1mqgAfG4R4X4TvzVIrXhrF7THK3S68X4tHT7DM9Di2A3isBcWMFsogylcQwNq2HgBkMxmdSkx5d",
                            "ssh_keys.3": "ssh-rsa AAAAB3NzaC1yc2EAAAADAQABAAACAQDlcKuX5FKUX++rEx3wQxrh3QSDZ4FTRFGeH2K9EbQF7fOz/oz6OAZ6CcXlxmP1HhLTPtGXqf2wKh/wbz6SXyUzE3vf+kA0YhwREmQXNepmEkS9CdmB38NrjqHFq5D7DmXxgF2K3tS1B56yb1tD5v0aZ+Jsbb4xp0RsWHgpXzQt23I/U5m4WKiTyFOVbiBSMobMUCZpiOtF7dlNySq92IPSkSL4Vc/bt5Y4mYWX/9nxXJbD78kzGfPG/iM9Hpw8u0EZMc9wM0GlcFwUcwkBAoCVt07diIsGUgGSWWx6yqtJfpSPmgG9H+YugZ0mifg7aqKIygL5Fe+XDFpQZz4bG+m26e91dMr+JpIHT8wh72fPkwcAh1uznmOWvBXXU+bVleZ/LBLRHGuP828oA1cEQIgfEMqhOCv9Cncy+8ppCaMavTDAHoTl5Zx03JG0vDKN1o4OWLngycf3ktx8f9nZoGgB/cBPl+o4hdtEYWtIYrxOlgiqQaNbqn66ypMd81HhqOiQaOvwz1ZY4v/nNTgYZcjSNHQh74jq5KvJnndJenjtoDD9ezlmCLvTfLoZVTwzfCsl0cpI+aAhhjh5iDNs/ygx3NFSf+oIGOH6iHRv9hZjRojA50c8tr9dWfZTO99y8pGEe6T1z5Kd350NyWbe3bfDexmMW6olmxEusg19O2s+QQ==",
                            "username": "46bit"
                        },
                        "meta": {},
                        "tainted": false
                    },
                    "deposed": [],
                    "provider": "provider.github"
                },
                "github_membership.org_membership": {
                    "type": "github_membership",
                    "depends_on": [],
                    "primary": {
                        "id": "alphagov:46bit",
                        "attributes": {
                            "etag": "W/\"db1221b3e1f40f93321b46db0a7cf7a3\"",
                            "id": "alphagov:46bit",
                            "role": "member",
                            "username": "46bit"
                        },
                        "meta": {},
                        "tainted": false
                    },
                    "deposed": [],
                    "provider": "provider.github"
                },
                "github_team_membership.team_membership.0": {
                    "type": "github_team_membership",
                    "depends_on": [],
                    "primary": {
                        "id": "2826122:46bit",
                        "attributes": {
                            "etag": "W/\"e2be087b091fd1a045b55b6162f6a971\"",
                            "id": "2826122:46bit",
                            "role": "member",
                            "team_id": "2826122",
                            "username": "46bit"
                        },
                        "meta": {},
                        "tainted": false
                    },
                    "deposed": [],
                    "provider": "provider.github"
                },
                "github_team_membership.team_membership.1": {
                    "type": "github_team_membership",
                    "depends_on": [],
                    "primary": {
                        "id": "2826121:46bit",
                        "attributes": {
                            "etag": "W/\"c64fdc1382329d8e1155b2e78cdfb30c\"",
                            "id": "2826121:46bit",
                            "role": "member",
                            "team_id": "2826121",
                            "username": "46bit"
                        },
                        "meta": {},
                        "tainted": false
                    },
                    "deposed": [],
                    "provider": "provider.github"
                },
                "github_team_membership.team_membership.2": {
                    "type": "github_team_membership",
                    "depends_on": [],
                    "primary": {
                        "id": "2826120:46bit",
                        "attributes": {
                            "etag": "W/\"16445fff9918421f0e6c68ad03c481d5\"",
                            "id": "2826120:46bit",
                            "role": "member",
                            "team_id": "2826120",
                            "username": "46bit"
                        },
                        "meta": {},
                        "tainted": false
                    },
                    "deposed": [],
                    "provider": "provider.github"
                },
                "github_team_membership.team_membership.3": {
                    "type": "github_team_membership",
                    "depends_on": [],
                    "primary": {
                        "id": "2826126:46bit",
                        "attributes": {
                            "etag": "W/\"9e10d0db893b3e67b1f44d4405891b48\"",
                            "id": "2826126:46bit",
                            "role": "member",
                            "team_id": "2826126",
                            "username": "46bit"
                        },
                        "meta": {},
                        "tainted": false
                    },
                    "deposed": [],
                    "provider": "provider.github"
                },
                "github_team_membership.team_membership.4": {
                    "type": "github_team_membership",
                    "depends_on": [],
                    "primary": {
                        "id": "2826123:46bit",
                        "attributes": {
                            "etag": "W/\"0b6ed82988ed3edec548863b8499d1ba\"",
                            "id": "2826123:46bit",
                            "role": "member",
                            "team_id": "2826123",
                            "username": "46bit"
                        },
                        "meta": {},
                        "tainted": false
                    },
                    "deposed": [],
                    "provider": "provider.github"
                },
                "github_team_membership.team_membership.5": {
                    "type": "github_team_membership",
                    "depends_on": [],
                    "primary": {
                        "id": "2826125:46bit",
                        "attributes": {
                            "etag": "W/\"d21a42620d193bddca4d668ca7af0162\"",
                            "id": "2826125:46bit",
                            "role": "member",
                            "team_id": "2826125",
                            "username": "46bit"
                        },
                        "meta": {},
                        "tainted": false
                    },
                    "deposed": [],
                    "provider": "provider.github"
                },
                "github_team_membership.team_membership.6": {
                    "type": "github_team_membership",
                    "depends_on": [],
                    "primary": {
                        "id": "2915524:46bit",
                        "attributes": {
                            "etag": "W/\"bdb8e6c17951c29fa85a8e2b088385db\"",
                            "id": "2915524:46bit",
                            "role": "member",
                            "team_id": "2915524",
                            "username": "46bit"
                        },
                        "meta": {},
                        "tainted": false
                    },
                    "deposed": [],
                    "provider": "provider.github"
                }
            },
            "depends_on": []
        },
        {
            "path": [
                "root",
                "user_adityapahuja"
            ],
            "outputs": {},
            "resources": {
                "data.github_user.user": {
                    "type": "github_user",
                    "depends_on": [],
                    "primary": {
                        "id": "19972046",
                        "attributes": {
                            "avatar_url": "https://avatars2.githubusercontent.com/u/19972046?v=4",
                            "bio": "",
                            "blog": "",
                            "company": "",
                            "email": "",
                            "followers": "0",
                            "following": "0",
                            "gpg_keys.#": "0",
                            "gravatar_id": "",
                            "id": "19972046",
                            "location": "",
                            "login": "adityapahuja",
                            "name": "",
                            "public_gists": "0",
                            "public_repos": "1",
                            "site_admin": "false",
                            "ssh_keys.#": "1",
                            "ssh_keys.0": "ssh-rsa AAAAB3NzaC1yc2EAAAADAQABAAACAQDZIeNBuz1IYtQR8ZSxt+2reWZ3zgWJNjLNeQxgm/CdQz68GROkGGbHCGUd77is2dSL7NiFbibrCYSsJtjwzTYC1c3ZXHBOfsdBHOql0NvHYB16mAJq7no4ZrfBlO4jzIQHTjqEg9jPdp0mIMaOy4K90QO6aAxW/O31knyNC5mdZ0sPYl66DD3vzECyibaR5YW/ag42UvcFZkzdbMD/vwoq5qQVkVY+yG+R+ILMYqpMzLMeKXXRwTLEZuDdEvRcBZkyIrZfRHfrhyCA3o0ekkeFVTi11UtHtOJ/7W/FjqyQlQal6X5YGwy15kRvUqt2FuUThmZB+Gg7i2t3k2KEILFKVjCkJ748d12LurbjgO1812TvbzAAKWclzgjDNu8YuCRMYY3H1lizDqSmjk5eIMiJTRHrnoeeZ1S5to6G42YVa1Kpw18EOEWOLrLX2MCW6NCp4yi0tkxScQ6U0IyjqzNBhCLSp21JOnKNowzkIxH4LFS+E+8TMCblJJWjjbOI78iFYX0DVtYshOi2tqBo8eNTf63D28lLpAbFq6bzkX9xfHMmxVeiTrNJSfYDiMVyuX6yzV2418BosPUvI+1qwPZ44rvXyaK+XVwuy6ri6Wnc/zEXLnUgxOZ8Tf9TsXLADyd1KBCqqBRuJb1bd1emOc5GSTgj0edjirVtesK3R634wQ==",
                            "username": "adityapahuja"
                        },
                        "meta": {},
                        "tainted": false
                    },
                    "deposed": [],
                    "provider": "provider.github"
                },
                "github_membership.org_membership": {
                    "type": "github_membership",
                    "depends_on": [],
                    "primary": {
                        "id": "alphagov:adityapahuja",
                        "attributes": {
                            "etag": "W/\"2a6527fc80173747c00bd393802776a9\"",
                            "id": "alphagov:adityapahuja",
                            "role": "member",
                            "username": "adityapahuja"
                        },
                        "meta": {},
                        "tainted": false
                    },
                    "deposed": [],
                    "provider": "provider.github"
                },
                "github_team_membership.team_membership.0": {
                    "type": "github_team_membership",
                    "depends_on": [],
                    "primary": {
                        "id": "2826127:adityapahuja",
                        "attributes": {
                            "etag": "W/\"832e2cbfd8be5faae9bd5569e6975477\"",
                            "id": "2826127:adityapahuja",
                            "role": "member",
                            "team_id": "2826127",
                            "username": "adityapahuja"
                        },
                        "meta": {},
                        "tainted": false
                    },
                    "deposed": [],
                    "provider": "provider.github"
                },
                "github_team_membership.team_membership.1": {
                    "type": "github_team_membership",
                    "depends_on": [],
                    "primary": {
                        "id": "2826126:adityapahuja",
                        "attributes": {
                            "etag": "W/\"85e31525674225da2d307d9eb9b2db66\"",
                            "id": "2826126:adityapahuja",
                            "role": "member",
                            "team_id": "2826126",
                            "username": "adityapahuja"
                        },
                        "meta": {},
                        "tainted": false
                    },
                    "deposed": [],
                    "provider": "provider.github"
                },
                "github_team_membership.team_membership.2": {
                    "type": "github_team_membership",
                    "depends_on": [],
                    "primary": {
                        "id": "2826120:adityapahuja",
                        "attributes": {
                            "etag": "W/\"fef06f75ec71404c1681ea0678d5c660\"",
                            "id": "2826120:adityapahuja",
                            "role": "member",
                            "team_id": "2826120",
                            "username": "adityapahuja"
                        },
                        "meta": {},
                        "tainted": false
                    },
                    "deposed": [],
                    "provider": "provider.github"
                },
                "github_team_membership.team_membership.3": {
                    "type": "github_team_membership",
                    "depends_on": [],
                    "primary": {
                        "id": "2826125:adityapahuja",
                        "attributes": {
                            "etag": "W/\"eb0677a658490c913e312f905f75d932\"",
                            "id": "2826125:adityapahuja",
                            "role": "member",
                            "team_id": "2826125",
                            "username": "adityapahuja"
                        },
                        "meta": {},
                        "tainted": false
                    },
                    "deposed": [],
                    "provider": "provider.github"
                },
                "github_team_membership.team_membership.4": {
                    "type": "github_team_membership",
                    "depends_on": [],
                    "primary": {
                        "id": "2915524:adityapahuja",
                        "attributes": {
                            "etag": "W/\"ac44062390625b767b27003e77ed075c\"",
                            "id": "2915524:adityapahuja",
                            "role": "member",
                            "team_id": "2915524",
                            "username": "adityapahuja"
                        },
                        "meta": {},
                        "tainted": false
                    },
                    "deposed": [],
                    "provider": "provider.github"
                }
            },
            "depends_on": []
        },
        {
            "path": [
                "root",
                "user_alan_gds"
            ],
            "outputs": {},
            "resources": {
                "data.github_user.user": {
                    "type": "github_user",
                    "depends_on": [],
                    "primary": {
                        "id": "26431837",
                        "attributes": {
                            "avatar_url": "https://avatars0.githubusercontent.com/u/26431837?v=4",
                            "bio": "",
                            "blog": "",
                            "company": "",
                            "email": "",
                            "followers": "0",
                            "following": "0",
                            "gpg_keys.#": "0",
                            "gravatar_id": "",
                            "id": "26431837",
                            "location": "",
                            "login": "alan-gds",
                            "name": "",
                            "public_gists": "0",
                            "public_repos": "0",
                            "site_admin": "false",
                            "ssh_keys.#": "1",
                            "ssh_keys.0": "ssh-rsa AAAAB3NzaC1yc2EAAAADAQABAAACAQCeAvAQAnPAQqel8OZaTVSIieqo8pO17hPmV+v7hGlCWb5wuImdum4Wb/6FcTHXpVg/BRE4cbJNzVWyTSOaZdxSOAKEJwEzYBJMG0Fy7gXQPzsT3SQsIicDB0TwqlpubVzJVYESxh8twEMguEUpGxFNftg2rWEKwwdBfsQajwEVLx2Aj6l+TzN4yo2HiosooPbpt8mlNr5DzhXNFMq0yvgUDfTGHOTSRIhQlNHw9umJmWtVroeKkC955PuRqKYa6enB5UgoaukXph5YMoYZWxzIg5NCeSTZqFG8b26kPQ0E0ViQ4zE/niIcafL8OWoPm8NhyCUBLC1DGEX46xwHh5xPiNunLR4HCqRQb6+1H/vCwV6TZMClY66cyEEmgvEBwt5d9urLoZH2VYWBOfxrjeydvrL9OLHddGsEhQ+IH6xxOp1RyOYJpuWkdUwGh+PLqLLRUarcZi/jRxFCA6I0HlkkNF5sEJqaD74Od4J7J9oyTBi+fwIN9gqjI0VGJ4CHRzkxyq/6fQdTpbsayd+b5C3ruvfTT+IwxaFbm8L7YbTgpZ3y4pTSYOxOGN9LYRVx8zQVFm/FYKvdM6oruI1iMuNR7nwbT3VY16uHkl1pTlLUR4rWfMs7PBBmUy3sGpixj2i2RM1Hgv2tJ3qoP9KUAmRHwKKPC68KWAXrFaMSuSK49w==",
                            "username": "alan-gds"
                        },
                        "meta": {},
                        "tainted": false
                    },
                    "deposed": [],
                    "provider": "provider.github"
                },
                "github_membership.org_membership": {
                    "type": "github_membership",
                    "depends_on": [],
                    "primary": {
                        "id": "alphagov:alan-gds",
                        "attributes": {
                            "etag": "W/\"2f845d6b0b136a5c9e5032acd5d32143\"",
                            "id": "alphagov:alan-gds",
                            "role": "member",
                            "username": "alan-gds"
                        },
                        "meta": {},
                        "tainted": false
                    },
                    "deposed": [],
                    "provider": "provider.github"
                },
                "github_team_membership.team_membership.0": {
                    "type": "github_team_membership",
                    "depends_on": [],
                    "primary": {
                        "id": "2826122:alan-gds",
                        "attributes": {
                            "etag": "W/\"db211e91e454ea8cf0bc69fa16a8a75c\"",
                            "id": "2826122:alan-gds",
                            "role": "member",
                            "team_id": "2826122",
                            "username": "alan-gds"
                        },
                        "meta": {},
                        "tainted": false
                    },
                    "deposed": [],
                    "provider": "provider.github"
                },
                "github_team_membership.team_membership.1": {
                    "type": "github_team_membership",
                    "depends_on": [],
                    "primary": {
                        "id": "2826127:alan-gds",
                        "attributes": {
                            "etag": "W/\"3d5fc04fcfbe9ce04b64079cb5aec46c\"",
                            "id": "2826127:alan-gds",
                            "role": "member",
                            "team_id": "2826127",
                            "username": "alan-gds"
                        },
                        "meta": {},
                        "tainted": false
                    },
                    "deposed": [],
                    "provider": "provider.github"
                },
                "github_team_membership.team_membership.2": {
                    "type": "github_team_membership",
                    "depends_on": [],
                    "primary": {
                        "id": "2826126:alan-gds",
                        "attributes": {
                            "etag": "W/\"c886e9a3fb8bc5e542c70ac652393618\"",
                            "id": "2826126:alan-gds",
                            "role": "member",
                            "team_id": "2826126",
                            "username": "alan-gds"
                        },
                        "meta": {},
                        "tainted": false
                    },
                    "deposed": [],
                    "provider": "provider.github"
                },
                "github_team_membership.team_membership.3": {
                    "type": "github_team_membership",
                    "depends_on": [],
                    "primary": {
                        "id": "2826123:alan-gds",
                        "attributes": {
                            "etag": "W/\"ed480774220f780f68353e9ca05d8c75\"",
                            "id": "2826123:alan-gds",
                            "role": "member",
                            "team_id": "2826123",
                            "username": "alan-gds"
                        },
                        "meta": {},
                        "tainted": false
                    },
                    "deposed": [],
                    "provider": "provider.github"
                },
                "github_team_membership.team_membership.4": {
                    "type": "github_team_membership",
                    "depends_on": [],
                    "primary": {
                        "id": "2826125:alan-gds",
                        "attributes": {
                            "etag": "W/\"727827b568525465581b8ec5ccef1b9e\"",
                            "id": "2826125:alan-gds",
                            "role": "member",
                            "team_id": "2826125",
                            "username": "alan-gds"
                        },
                        "meta": {},
                        "tainted": false
                    },
                    "deposed": [],
                    "provider": "provider.github"
                },
                "github_team_membership.team_membership.5": {
                    "type": "github_team_membership",
                    "depends_on": [],
                    "primary": {
                        "id": "2915524:alan-gds",
                        "attributes": {
                            "etag": "W/\"22ac286bd2954ab00d300b87cb0fba7c\"",
                            "id": "2915524:alan-gds",
                            "role": "member",
                            "team_id": "2915524",
                            "username": "alan-gds"
                        },
                        "meta": {},
                        "tainted": false
                    },
                    "deposed": [],
                    "provider": "provider.github"
                }
            },
            "depends_on": []
        },
        {
            "path": [
                "root",
                "user_amritsidhu"
            ],
            "outputs": {},
            "resources": {
                "data.github_user.user": {
                    "type": "github_user",
                    "depends_on": [],
                    "primary": {
                        "id": "24409958",
                        "attributes": {
                            "avatar_url": "https://avatars1.githubusercontent.com/u/24409958?v=4",
                            "bio": "",
                            "blog": "",
                            "company": "",
                            "email": "",
                            "followers": "3",
                            "following": "6",
                            "gpg_keys.#": "0",
                            "gravatar_id": "",
                            "id": "24409958",
                            "location": "",
                            "login": "AmritSidhu",
                            "name": "",
                            "public_gists": "0",
                            "public_repos": "25",
                            "site_admin": "false",
                            "ssh_keys.#": "1",
                            "ssh_keys.0": "ssh-rsa AAAAB3NzaC1yc2EAAAADAQABAAACAQDBNTljG5xylFSHbeG+7U4RLB1wMsUbPFvP4twTrY2VQhHN3RdpIuxiOvgz+oRhUNJjG/JRXcH63gvbrtEuekdqYy1lgi5MwDgOnYT4o0SzjIVR796fgRDsWM4nL1Bnz8G94A7ZQWXtdxYuEKCbiw8xCapQByPSEVR3AT2BrgbNKjYZ8nqTNQGVphl3J+hElbv7q9YEY4ywJQ45K660897QxSK1gOJ2XD3y0OjZDr1Goxz0jFZyVFgqqSNu12sq3S4tOppi3KVe3x0XMXizxu5heu7FVgzInBMKaWhlupn06ZJuZ+5vDrI/NGFMvzNipR7liOs4Mwj9X/YViMaFi5/jYjDNk5YK3Ia5KxGnNJ9Dz6zO2N72nRQToVl29iaO8TaYA1QvdF+ZM+hdw8f2wZbB5UVlr+ubA8lczL2pnPQ/L4x2zMMWho0boETM+TBlRApeUv+b97PQsZHlfCN1JOpe/JBrxSXLORxkMzHp1pxWZ8FZYHOzoQPG9Cg5tmd7VuQtIY8z7f4IDBhFnz0T918Iv0lVQmYBYUk+l/WKHox3sTU+tswFvYaHmw3tux7tFn6Ka0fn2flw0u1G0LErNWDnY955547LGh82HzknYwlLwI7X0+6wJUj5+ZRw8nO8WsFlv1IHVIZPttGVsVRxtVpZJqWqmqKyX7ZxfE9saJPuaw==",
                            "username": "AmritSidhu"
                        },
                        "meta": {},
                        "tainted": false
                    },
                    "deposed": [],
                    "provider": "provider.github"
                },
                "github_membership.org_membership": {
                    "type": "github_membership",
                    "depends_on": [],
                    "primary": {
                        "id": "alphagov:AmritSidhu",
                        "attributes": {
                            "etag": "W/\"05988cb98693cac7c5cb2d823468f357\"",
                            "id": "alphagov:AmritSidhu",
                            "role": "member",
                            "username": "AmritSidhu"
                        },
                        "meta": {},
                        "tainted": false
                    },
                    "deposed": [],
                    "provider": "provider.github"
                },
                "github_team_membership.team_membership.0": {
                    "type": "github_team_membership",
                    "depends_on": [],
                    "primary": {
                        "id": "2826122:AmritSidhu",
                        "attributes": {
                            "etag": "W/\"ea572f79fd387732004204eb8339ee86\"",
                            "id": "2826122:AmritSidhu",
                            "role": "member",
                            "team_id": "2826122",
                            "username": "AmritSidhu"
                        },
                        "meta": {},
                        "tainted": false
                    },
                    "deposed": [],
                    "provider": "provider.github"
                },
                "github_team_membership.team_membership.1": {
                    "type": "github_team_membership",
                    "depends_on": [],
                    "primary": {
                        "id": "2826127:AmritSidhu",
                        "attributes": {
                            "etag": "W/\"65c438ee10ed96738d7e60bae3d290bd\"",
                            "id": "2826127:AmritSidhu",
                            "role": "member",
                            "team_id": "2826127",
                            "username": "AmritSidhu"
                        },
                        "meta": {},
                        "tainted": false
                    },
                    "deposed": [],
                    "provider": "provider.github"
                },
                "github_team_membership.team_membership.2": {
                    "type": "github_team_membership",
                    "depends_on": [],
                    "primary": {
                        "id": "2826126:AmritSidhu",
                        "attributes": {
                            "etag": "W/\"82569c8f417dc5de27b4729cde732f79\"",
                            "id": "2826126:AmritSidhu",
                            "role": "member",
                            "team_id": "2826126",
                            "username": "AmritSidhu"
                        },
                        "meta": {},
                        "tainted": false
                    },
                    "deposed": [],
                    "provider": "provider.github"
                },
                "github_team_membership.team_membership.3": {
                    "type": "github_team_membership",
                    "depends_on": [],
                    "primary": {
                        "id": "2826123:AmritSidhu",
                        "attributes": {
                            "etag": "W/\"7e2e1c5d54af5dfee5f7ad38991cf531\"",
                            "id": "2826123:AmritSidhu",
                            "role": "member",
                            "team_id": "2826123",
                            "username": "AmritSidhu"
                        },
                        "meta": {},
                        "tainted": false
                    },
                    "deposed": [],
                    "provider": "provider.github"
                },
                "github_team_membership.team_membership.4": {
                    "type": "github_team_membership",
                    "depends_on": [],
                    "primary": {
                        "id": "2826125:AmritSidhu",
                        "attributes": {
                            "etag": "W/\"67b7492f41ae9cbcfe903558e8168b6b\"",
                            "id": "2826125:AmritSidhu",
                            "role": "member",
                            "team_id": "2826125",
                            "username": "AmritSidhu"
                        },
                        "meta": {},
                        "tainted": false
                    },
                    "deposed": [],
                    "provider": "provider.github"
                },
                "github_team_membership.team_membership.5": {
                    "type": "github_team_membership",
                    "depends_on": [],
                    "primary": {
                        "id": "2915524:AmritSidhu",
                        "attributes": {
                            "etag": "W/\"9a951823c49eb3253625ed216ccc4f26\"",
                            "id": "2915524:AmritSidhu",
                            "role": "member",
                            "team_id": "2915524",
                            "username": "AmritSidhu"
                        },
                        "meta": {},
                        "tainted": false
                    },
                    "deposed": [],
                    "provider": "provider.github"
                }
            },
            "depends_on": []
        },
        {
            "path": [
                "root",
                "user_andrewchong"
            ],
            "outputs": {},
            "resources": {
                "data.github_user.user": {
                    "type": "github_user",
                    "depends_on": [],
                    "primary": {
                        "id": "6989636",
                        "attributes": {
                            "avatar_url": "https://avatars1.githubusercontent.com/u/6989636?v=4",
                            "bio": "",
                            "blog": "",
                            "company": "",
                            "email": "andrew.chong@digital.cabinet-office.gov.uk",
                            "followers": "0",
                            "following": "0",
                            "gpg_keys.#": "0",
                            "gravatar_id": "",
                            "id": "6989636",
                            "location": "",
                            "login": "andrewchong",
                            "name": "Andrew Chong",
                            "public_gists": "0",
                            "public_repos": "0",
                            "site_admin": "false",
                            "ssh_keys.#": "2",
                            "ssh_keys.0": "ssh-rsa AAAAB3NzaC1yc2EAAAADAQABAAACAQD1/v9Zh7nDBwgpcC5fw8igsspuCB/mpmIcrQtlMQncnVSXyJC0qLtpgDcBSqh3tnPqubExV+efPEG2NH9xJly/GIe4t4tKdyVPVSLjkNRczYx8+REgK6MfUWBZNEgWa+LrXjY+SbP0CJfv4B5eDI5ebW9qZwPKyvLrXNDIjlBd9nRCu8+NrVP+IBkKUOqZAw3Lx6uR3VZczd+KL04xCeWoWvJ0QlcZtkx5OsFCn5TBvmyLYNnj+93pGVZeCpytQeDokpld5OGKPEE4/ORWyZId7Q94eYc0YV9jHVXnKwlxqQR/cpupu9+JbKgK+KZ9gupoYonDjg+jGcNXpbtEW7dbz7SqCuYXJaqFW/lPwTRNNpye5+9G3yr8lAR27zOPj1vx1C2jblSwXHJHoUIb4sL7xEcKHLh3Cuu+XV1w814Rjy3C47xrVd7NXb3ZuVk6pfGUtyCItXoTIs2Tx6ZiqIPzvGqpcvnfhg7uSIGOTK04lYqFMImFXFYXLlQV+kipLkEaQ/ylRQSFrXaeV3luEmvYSjjcVGiJTjx4xhqjBKCXNp/HGzRfbmc078KOlJ0o9y6waShX9UQVOYzJcTL2D36TANFvcRB1MTdalmliYSogTfW5tM8sey25aXn17YZRliE4SGKAKdvwK/NytkNn+14gKVle1qlHZFLuRIVi79Cy3Q==",
                            "ssh_keys.1": "ssh-rsa AAAAB3NzaC1yc2EAAAADAQABAAABAQCvy/1csFcOwenT9mrzgPZjINBbl9u72Dh8XFe6G6aN+ZYyBKp4K3BT7C5039mB4kEl7PdhB4sXxlVwf/qisnxwKuYdtC6QrlS1c5PXdwGXh9ghe7xopyTNovEuw8R/EJZwfyvQU+bvUlJ9PD0DmU8n2F6ng+eonWQ8wICWlKcRcEtty+0BP58HaXCWeVu4Xabhod1faZEE18M2P6dIY8RG8ANREyP7cKwZPmyMWK1iquSHhEril+Zkrozs6KSZdMBoqlC/o1+6a7Azl50trcEkcKY97B/9WLqEgD7f03zlJgOWg5/qx6Fo2JWVkiYD/pMR2VAJP9Eyj0bqCNsf6qA5",
                            "username": "andrewchong"
                        },
                        "meta": {},
                        "tainted": false
                    },
                    "deposed": [],
                    "provider": "provider.github"
                },
                "github_membership.org_membership": {
                    "type": "github_membership",
                    "depends_on": [],
                    "primary": {
                        "id": "alphagov:andrewchong",
                        "attributes": {
                            "etag": "W/\"59b3dec93adbe02060997f2aabde85e8\"",
                            "id": "alphagov:andrewchong",
                            "role": "member",
                            "username": "andrewchong"
                        },
                        "meta": {},
                        "tainted": false
                    },
                    "deposed": [],
                    "provider": "provider.github"
                },
                "github_team_membership.team_membership.0": {
                    "type": "github_team_membership",
                    "depends_on": [],
                    "primary": {
                        "id": "2826122:andrewchong",
                        "attributes": {
                            "etag": "W/\"3199c8895ca6cd9b63aedde9a74300b8\"",
                            "id": "2826122:andrewchong",
                            "role": "member",
                            "team_id": "2826122",
                            "username": "andrewchong"
                        },
                        "meta": {},
                        "tainted": false
                    },
                    "deposed": [],
                    "provider": "provider.github"
                },
                "github_team_membership.team_membership.1": {
                    "type": "github_team_membership",
                    "depends_on": [],
                    "primary": {
                        "id": "2826121:andrewchong",
                        "attributes": {
                            "etag": "W/\"c6c7d36abe06abb5466678a69b293630\"",
                            "id": "2826121:andrewchong",
                            "role": "member",
                            "team_id": "2826121",
                            "username": "andrewchong"
                        },
                        "meta": {},
                        "tainted": false
                    },
                    "deposed": [],
                    "provider": "provider.github"
                },
                "github_team_membership.team_membership.2": {
                    "type": "github_team_membership",
                    "depends_on": [],
                    "primary": {
                        "id": "2826120:andrewchong",
                        "attributes": {
                            "etag": "W/\"fb0607addb624bb33953aa7d0bf3e176\"",
                            "id": "2826120:andrewchong",
                            "role": "member",
                            "team_id": "2826120",
                            "username": "andrewchong"
                        },
                        "meta": {},
                        "tainted": false
                    },
                    "deposed": [],
                    "provider": "provider.github"
                },
                "github_team_membership.team_membership.3": {
                    "type": "github_team_membership",
                    "depends_on": [],
                    "primary": {
                        "id": "2826126:andrewchong",
                        "attributes": {
                            "etag": "W/\"a77ee62bf3871fe507556e2a24cdea80\"",
                            "id": "2826126:andrewchong",
                            "role": "member",
                            "team_id": "2826126",
                            "username": "andrewchong"
                        },
                        "meta": {},
                        "tainted": false
                    },
                    "deposed": [],
                    "provider": "provider.github"
                },
                "github_team_membership.team_membership.4": {
                    "type": "github_team_membership",
                    "depends_on": [],
                    "primary": {
                        "id": "2826123:andrewchong",
                        "attributes": {
                            "etag": "W/\"15a59a171b65ef1f9c294b14ad07a9bc\"",
                            "id": "2826123:andrewchong",
                            "role": "member",
                            "team_id": "2826123",
                            "username": "andrewchong"
                        },
                        "meta": {},
                        "tainted": false
                    },
                    "deposed": [],
                    "provider": "provider.github"
                },
                "github_team_membership.team_membership.5": {
                    "type": "github_team_membership",
                    "depends_on": [],
                    "primary": {
                        "id": "2826125:andrewchong",
                        "attributes": {
                            "etag": "W/\"73e949a11d7c0f9fbe4a49623e6cbaf2\"",
                            "id": "2826125:andrewchong",
                            "role": "member",
                            "team_id": "2826125",
                            "username": "andrewchong"
                        },
                        "meta": {},
                        "tainted": false
                    },
                    "deposed": [],
                    "provider": "provider.github"
                },
                "github_team_membership.team_membership.6": {
                    "type": "github_team_membership",
                    "depends_on": [],
                    "primary": {
                        "id": "2915524:andrewchong",
                        "attributes": {
                            "etag": "W/\"5335e622f30703ab9361f564018cc1bb\"",
                            "id": "2915524:andrewchong",
                            "role": "member",
                            "team_id": "2915524",
                            "username": "andrewchong"
                        },
                        "meta": {},
                        "tainted": false
                    },
                    "deposed": [],
                    "provider": "provider.github"
                }
            },
            "depends_on": []
        },
        {
            "path": [
                "root",
                "user_andy_paine"
            ],
            "outputs": {},
            "resources": {
                "data.github_user.user": {
                    "type": "github_user",
                    "depends_on": [],
                    "primary": {
                        "id": "14118619",
                        "attributes": {
                            "avatar_url": "https://avatars3.githubusercontent.com/u/14118619?v=4",
                            "bio": "",
                            "blog": "",
                            "company": "",
                            "email": "andy.paine.github@gmail.com",
                            "followers": "2",
                            "following": "0",
                            "gpg_keys.#": "0",
                            "gravatar_id": "",
                            "id": "14118619",
                            "location": "",
                            "login": "andy-paine",
                            "name": "Andy Paine",
                            "public_gists": "0",
                            "public_repos": "15",
                            "site_admin": "false",
                            "ssh_keys.#": "2",
                            "ssh_keys.0": "ssh-rsa AAAAB3NzaC1yc2EAAAADAQABAAACAQC2AXG9PeZMkKVhehcL64HzGfjlOUovVEObaSPAGm8ZFGSe1Pcge8N1wS+eTQBlMU1c+mnuPs6oXkgJORYi0MBsRnXEDMvRkQQ0hiajrbiYKvLPhvjkoYTFClDVEhZlV+LFaMbXL/IqGTax7PhE3K0gIxbZMh2CfzbbDAXDDO/qIvRh8boDi5zEnYM2oJ+iKU+X8sPd4Wafyh9iQ6n2URYr8TBM/lYWKrhqfo0u2FuBVyMNQHXGILSXemdKmubZjuclG28izMBESPWjndWdodNUHlUX+9Sp144/psvzSw9gLBwzeTqFDAJ7JokNtaRvSDVO0RB8tZwIMB4SIYLBNbOPwgskE86xyfs13AFXo5HAdYfQRYyN6LMrJ3+KYzHj/Nt0qywV5AtP29BQERgqL8ZwyeE4mkKsVv1kmtTe8yIRfB5eMIGCb6G9xvKf+bZYqLOIfJIRT+ulRxOaI8fQnPtvAQgZj/BoDBNwoJNf95glmJ2DJT/IRCiwjA2pAy6HAKh4p/NViJNdcTwRaTsTaxq/OjmYMk28JVL6QPXtuObP94WEdH5r/K9z2DJrgbGcvPdlpkH5XL2unYhSmSm6m94sRRC+Byvx+hR9h7dmON80BCbGXztwAwjQ5Qe8iTnGBZcw7datmx1ccjDJBVefk9ITCpAFTK4zCk73f3bViQkzaw==",
                            "ssh_keys.1": "ssh-rsa AAAAB3NzaC1yc2EAAAADAQABAAACAQDEIzbqg/oE8ewZjWVzO2nYNST3jrdfSzHHIiq9X8e8NcFZB5X0KY74FScNWgduAA1LnqlCCvPQuIH10XGQQQUGE+/uV0jD3EJiEZrMKo8udkl/actXw5Uaj1Bc0MO/4f0MM3Y3XMeDTUKNw0Ks6chRYC4l9lcJpcnr14vxwj0ABiduY25D9DLnP3j1PeMj6+EhbqrcCq0c60XuQIEU177v1HA/02L6OTljBG+exuaht/VcjS3nD34/UVhBK6UlSdCFC3m4Z5F5oNMpDhWNIuu/soa6cwHN4APK4HTHc9sVt6UfPjbyZObL2dsCaO3/QGmQ+UodUQRy0+6GEMXCQiB9oHgGjlpIjqJAKuv9oGb6vShqbntjooRGe1R0cYk99BBoJG7MzXqkL1pEnIDfzSXfFqelPXAcVUwwuxggf/YYMyJD1c6eRrnb116nKq/dj2/bUMcxh2LUYRYin0k+hkaSxpq865nwRVPNWRNJnCSkEYPKC6Nrbj3LkysK85tNJ5EoWvjwbRtP+fv0YYB7M2q9FC8i5HFjPp02lJXgL82CFeHArj6zYVjRT5bGd+UkIqI8b7aJEGjXUBJvWA4J9VgZgqRzhBc54LQIcrk1LeDZCDmzwhjQfl016yArhf6Vd1fU1CHVsZthbVNXSIau5nl+m2Iv9+ynbwk06no9tUDYaQ==",
                            "username": "andy-paine"
                        },
                        "meta": {},
                        "tainted": false
                    },
                    "deposed": [],
                    "provider": "provider.github"
                },
                "github_membership.org_membership": {
                    "type": "github_membership",
                    "depends_on": [],
                    "primary": {
                        "id": "alphagov:andy-paine",
                        "attributes": {
                            "etag": "W/\"485f4e4a9784aec4545e4da3fbac49d7\"",
                            "id": "alphagov:andy-paine",
                            "role": "member",
                            "username": "andy-paine"
                        },
                        "meta": {},
                        "tainted": false
                    },
                    "deposed": [],
                    "provider": "provider.github"
                },
                "github_team_membership.team_membership.0": {
                    "type": "github_team_membership",
                    "depends_on": [],
                    "primary": {
                        "id": "2826122:andy-paine",
                        "attributes": {
                            "etag": "W/\"864e8a8924280fd94d5ccd4a6f82910f\"",
                            "id": "2826122:andy-paine",
                            "role": "member",
                            "team_id": "2826122",
                            "username": "andy-paine"
                        },
                        "meta": {},
                        "tainted": false
                    },
                    "deposed": [],
                    "provider": "provider.github"
                },
                "github_team_membership.team_membership.1": {
                    "type": "github_team_membership",
                    "depends_on": [],
                    "primary": {
                        "id": "2826127:andy-paine",
                        "attributes": {
                            "etag": "W/\"7b586f8fe116c0583130529db0803f4a\"",
                            "id": "2826127:andy-paine",
                            "role": "member",
                            "team_id": "2826127",
                            "username": "andy-paine"
                        },
                        "meta": {},
                        "tainted": false
                    },
                    "deposed": [],
                    "provider": "provider.github"
                },
                "github_team_membership.team_membership.2": {
                    "type": "github_team_membership",
                    "depends_on": [],
                    "primary": {
                        "id": "2826126:andy-paine",
                        "attributes": {
                            "etag": "W/\"5884a2ffd732e22e01ca1f0611d7a7e5\"",
                            "id": "2826126:andy-paine",
                            "role": "member",
                            "team_id": "2826126",
                            "username": "andy-paine"
                        },
                        "meta": {},
                        "tainted": false
                    },
                    "deposed": [],
                    "provider": "provider.github"
                },
                "github_team_membership.team_membership.3": {
                    "type": "github_team_membership",
                    "depends_on": [],
                    "primary": {
                        "id": "2826121:andy-paine",
                        "attributes": {
                            "etag": "W/\"39dc86c9a33de2d1bd03b585d6ca9dd6\"",
                            "id": "2826121:andy-paine",
                            "role": "member",
                            "team_id": "2826121",
                            "username": "andy-paine"
                        },
                        "meta": {},
                        "tainted": false
                    },
                    "deposed": [],
                    "provider": "provider.github"
                },
                "github_team_membership.team_membership.4": {
                    "type": "github_team_membership",
                    "depends_on": [],
                    "primary": {
                        "id": "2826120:andy-paine",
                        "attributes": {
                            "etag": "W/\"916adbb1880c74b4efe0a15faf5da72b\"",
                            "id": "2826120:andy-paine",
                            "role": "member",
                            "team_id": "2826120",
                            "username": "andy-paine"
                        },
                        "meta": {},
                        "tainted": false
                    },
                    "deposed": [],
                    "provider": "provider.github"
                },
                "github_team_membership.team_membership.5": {
                    "type": "github_team_membership",
                    "depends_on": [],
                    "primary": {
                        "id": "2826123:andy-paine",
                        "attributes": {
                            "etag": "W/\"89633d6ab6af1e5141703b03ae286b08\"",
                            "id": "2826123:andy-paine",
                            "role": "member",
                            "team_id": "2826123",
                            "username": "andy-paine"
                        },
                        "meta": {},
                        "tainted": false
                    },
                    "deposed": [],
                    "provider": "provider.github"
                },
                "github_team_membership.team_membership.6": {
                    "type": "github_team_membership",
                    "depends_on": [],
                    "primary": {
                        "id": "2826125:andy-paine",
                        "attributes": {
                            "etag": "W/\"15ead11ba4332daaae3f5bf04ab98da9\"",
                            "id": "2826125:andy-paine",
                            "role": "member",
                            "team_id": "2826125",
                            "username": "andy-paine"
                        },
                        "meta": {},
                        "tainted": false
                    },
                    "deposed": [],
                    "provider": "provider.github"
                },
                "github_team_membership.team_membership.7": {
                    "type": "github_team_membership",
                    "depends_on": [],
                    "primary": {
                        "id": "2915520:andy-paine",
                        "attributes": {
                            "etag": "W/\"50fc15723f8cd72d4fb299e643210ee9\"",
                            "id": "2915520:andy-paine",
                            "role": "member",
                            "team_id": "2915520",
                            "username": "andy-paine"
                        },
                        "meta": {},
                        "tainted": false
                    },
                    "deposed": [],
                    "provider": "provider.github"
                },
                "github_team_membership.team_membership.8": {
                    "type": "github_team_membership",
                    "depends_on": [],
                    "primary": {
                        "id": "2826124:andy-paine",
                        "attributes": {
                            "etag": "W/\"e93607b6ccd5a955ede1541617fd3b95\"",
                            "id": "2826124:andy-paine",
                            "role": "member",
                            "team_id": "2826124",
                            "username": "andy-paine"
                        },
                        "meta": {},
                        "tainted": false
                    },
                    "deposed": [],
                    "provider": "provider.github"
                },
                "github_team_membership.team_membership.9": {
                    "type": "github_team_membership",
                    "depends_on": [],
                    "primary": {
                        "id": "2915524:andy-paine",
                        "attributes": {
                            "etag": "W/\"7e82797143cc9a3c331240422a811612\"",
                            "id": "2915524:andy-paine",
                            "role": "member",
                            "team_id": "2915524",
                            "username": "andy-paine"
                        },
                        "meta": {},
                        "tainted": false
                    },
                    "deposed": [],
                    "provider": "provider.github"
                }
            },
            "depends_on": []
        },
        {
            "path": [
                "root",
                "user_annecarr"
            ],
            "outputs": {},
            "resources": {
                "data.github_user.user": {
                    "type": "github_user",
                    "depends_on": [],
                    "primary": {
                        "id": "7550015",
                        "attributes": {
                            "avatar_url": "https://avatars2.githubusercontent.com/u/7550015?v=4",
                            "bio": "",
                            "blog": "",
                            "company": "",
                            "email": "",
                            "followers": "1",
                            "following": "0",
                            "gpg_keys.#": "0",
                            "gravatar_id": "",
                            "id": "7550015",
                            "location": "",
                            "login": "AnneCarr",
                            "name": "",
                            "public_gists": "0",
                            "public_repos": "10",
                            "site_admin": "false",
                            "ssh_keys.#": "1",
                            "ssh_keys.0": "ssh-rsa AAAAB3NzaC1yc2EAAAADAQABAAACAQC80BPoH8eXPf+0xYbHrjQDHkQKl40JN1ffhYDwl6YmvfxMN2AUgAvJvaWmDauXZ3Rya3BLTDkf0uZOMtvuwaNln0xPkNgRxBZx50l0w28bhS5SRRZdGVnbvFBSTFZL5F+bfQ0g05av16RVp+TGIrZotzDqpdByP2ktkzfdSmuhhrvYa5aTkMrGJkrBN5mZWE1CNdOrghVjVH+dlp96EyCnMr9zQZUuuaff0ehPx2+Vwo3gbnHxHmljvAHPPPuT0JFd3rIHHIHjKqTSjeuaUfCq2YZe25wy4lHkyNQOdETrufDVv2M+O5rMrdkcfM6ypMJ/WS03y7ouVrbWdjsAf54PLNLGmfRV2K1s1TKRxZrpn1Z0/I+A0QDgvux2rwT8jPX3HrnXJaKVAedAcb89AjCXmW0hzKFusQxP+Cw/pmbgdiX5rpBXhwq76wzLqkn011jgnchfOW6sxRQ0t/QQueUT45CqrvhV6uLXaZLL7LkkX2gyLG6J8wQtizXogyO2UCnnEqvbWK5hf3ltDVldTcyGlZWZWdy/2IP5eR4D5FFMnk8It032rSdaDgDqQuQXeSLDj9nKMsUjXGHJwq3gqABpyAMYByi6JcdUzdefPqMPUg86LWACTHfHUsDirc1MsLQirnJESd9UOqlxxLg+vIZTX/EZ8Z6JL0aJxbk6dzv7QQ==",
                            "username": "AnneCarr"
                        },
                        "meta": {},
                        "tainted": false
                    },
                    "deposed": [],
                    "provider": "provider.github"
                },
                "github_membership.org_membership": {
                    "type": "github_membership",
                    "depends_on": [],
                    "primary": {
                        "id": "alphagov:AnneCarr",
                        "attributes": {
                            "etag": "W/\"1010794bfd1d10fb4754827bd840057a\"",
                            "id": "alphagov:AnneCarr",
                            "role": "member",
                            "username": "AnneCarr"
                        },
                        "meta": {},
                        "tainted": false
                    },
                    "deposed": [],
                    "provider": "provider.github"
                },
                "github_team_membership.team_membership": {
                    "type": "github_team_membership",
                    "depends_on": [],
                    "primary": {
                        "id": "2826124:AnneCarr",
                        "attributes": {
                            "etag": "W/\"b136c61b9cf3ece5faefdcb3f8fb2a2a\"",
                            "id": "2826124:AnneCarr",
                            "role": "member",
                            "team_id": "2826124",
                            "username": "AnneCarr"
                        },
                        "meta": {},
                        "tainted": false
                    },
                    "deposed": [],
                    "provider": "provider.github"
                }
            },
            "depends_on": []
        },
        {
            "path": [
                "root",
                "user_blairboy362"
            ],
            "outputs": {},
            "resources": {
                "data.github_user.user": {
                    "type": "github_user",
                    "depends_on": [],
                    "primary": {
                        "id": "12373655",
                        "attributes": {
                            "avatar_url": "https://avatars2.githubusercontent.com/u/12373655?v=4",
                            "bio": "",
                            "blog": "",
                            "company": "",
                            "email": "",
                            "followers": "1",
                            "following": "0",
                            "gpg_keys.#": "1",
                            "gpg_keys.0": "xsFNBFtEeJABEADjtg/GMx7nQIAncpl7LYr3xdLA9Clsa7WLhNGJBPgV1draI8CKwXDZM1npS6OoafunUOEzEq9g/WutCcp2+XZoPkAHc4Ka9wBJ6ovyxR84ab/gv33S+lsgFAHJCrYRSkQ6ba9OPKjhn4fWeo594cyndpVDlOfcdMFV3N+I+IvosJZpFWrGTv7zOkAyid8M18ckkVxZcOdQmUuhlFi+VEt884z2z5luEXMUlzdwlv6fTYE3zZce7XjEmTXZKIL04340z+xQXi28ln9OLDiRsDSzFg4AZJolma1rV3WKrEErFLBqtHpz4FchsxtiFixDfhRJu5hkCVUG1RM3kF3hkI6ZsIIGQidB5u+/5dgcclg/kJXx7VT0aEjLLfdGoNwb1a/9gXQKvnXnyCH7L0iGL/AffJowiqnAX9qjLm8HncKZhRzhgqq1bm155TtZvP9HE2wVXGUwhLe0NoifE8N2q1SQ7M7Pjhaq0x5tZEIXu3D3S1ldf6mQFRQdO1bVhAmftM+1eS8RDP2hR423Via1FaQKWnqZiKLUuVp5rpUVjm71VVTgT5rB8E1xO7IlIoub2lk2TJ8e/1WKYTczSqW6Ay4O2o13Gcw9qnVkUYV4KWZDzIVlI21hNi6JdD3/pypl0sX+LPPrsQx4Gj9d8kvIIEXs0DsYYFYclK69zFbrawL10QARAQAB",
                            "gravatar_id": "",
                            "id": "12373655",
                            "location": "",
                            "login": "blairboy362",
                            "name": "Daniel Blair",
                            "public_gists": "0",
                            "public_repos": "4",
                            "site_admin": "false",
                            "ssh_keys.#": "3",
                            "ssh_keys.0": "ssh-rsa AAAAB3NzaC1yc2EAAAADAQABAAACAQC3JtcTVSxumPqxdYOtsi60oCmOEE8UgfVzOcnjjgg3bgyYotk3nW4fzhKzPI1AslsvpH6CfD2+32Lq2W4PNNr1otrQ4RYYd9fRznqvei+h+M1UGXNqZhYue+ZRyhwz1bASfdjmTPbUhYk4lWiVHhFKlGKfvqK0HilzVGiRg5forZfeLh/Tqj99d9DjlvZx1UH6oYYCSsU96afiKl5BTBqUYKR75FYhqDaQT7OW4bUkMF09t2vtM7rqpNIQHkahbizGELSEZLaGieuK0Eo8GqcaCF2plJV3mJifP+v2j4d/nNI+Trlsg2hCUteC5mFWoOLDdIkA+rJU+u3T+SNQ/G+3glInAfDbFIeNgL6aLhPoWIYRCpGDXY+2kZZhmD304v42tKrd5kacy4xRtDLAoTNlkj01lz/1eSg4A9ftN4L7RBOXsuPPWWyX5GlVbepmrn/ND0pT6ev826BC0QkzKE5t3AqrtvooHmRUKc4INE5ybS1MZ7z/z0xu2Woe3qywxzDZNVj0dd8jWY1IyeWEzp9bb1F2C2nibUUI8WGh4WsqYFO4tSXlrhYz1kdNNpvWxGkrOadU9O1+gCo/2Jaerd/Gx4ObySJyNpyTzy3Jy1KYYoGzEG8A2tAH6asSbOTHIiXoNP/1aTSiBO1QeKmT4zVJERhPkoolFtvqofwCTarUzw==",
                            "ssh_keys.1": "ssh-rsa AAAAB3NzaC1yc2EAAAADAQABAAACAQDhje7LMEsP8/2HFBQHvGbwAVRzUuNuVZJhVjHRoZxvARg1nn9D1bWx0FnK9aWL7cmu89P8pQiWGBEjWWZzHjZWnFJ4d5hu+oJliRySbhskiuVCSgP3Z0Grx/Q4cJu35O1LkwcVi8ZbYk/Ud+5pHa/U6i8bYcvxSVb2bEY9Q2t8dF9ev1aSRNNaOj7Y+2aenAwPo9Whr4DryVrAjI/CC7phv6SOSJ4o9y5Ro3Z9yEfy42wOOEL2+Q/6j9dWMVGyuaZkJ9eXRAeRHkcpuUs/kDR07bMBUolz9tfaMZWNtGgeEgm/r39fnvs1B08Pv0sHeYxh1QrNhzG076lhSVuTzxzPYplehgZNeOVseotQHRufsVMXH5paAIMgkXISUHF1dnX4U/7biSldiCG1JNvFCcTTLTEtsPC0H8Hxt5PEr8vVe4Tdfk6KVjZOVdi1alOiDyw4O8jdNKrM8gDE83tG++/RRptxu4pBvdX65AnQeocsA8S4l9hLdB76duQYAjF6iV37rheioOj9jPJR4wi8zajeNnyDbxC5B12I7Pnqz6DQvQkvADK6x27dA6mAVIqq6ORXCXENjh8W/n+9Math2l07csnjzi67np/8a9Gn01LT9xr/xFZgY+ztnHRtDSnxXfKEx3IpOvgfmP6qan3nAIMVmfkcSWd9tnC1m+qQDy/nNQ==",
                            "ssh_keys.2": "ssh-rsa AAAAB3NzaC1yc2EAAAADAQABAAACAQC2mkHco9DUiVq9bRiDgC0gOJPqgMN92LvX0KHNPFgat+T+MzwJ9nEHH00A4e2oJFCUKaGgQ5O+4ZZGdChzvdTfcQMi//MRNMzivGYIJsqUa5FUpCqxq4YOqTx+HViq9ni2oeYsAUNGRSy2HNtIEooVjx2g/ZVLKWnRALZCTKFHCOinZiassXcsmqb1WtyPkA5FazBdJQ+NMsjl0k2R1N119Hx6kUu9+ufTfJDGEANAO++nYKJRah0bcX/7XWTZ0SPUa5bIIsIITF6RHGS9nyz9KwZvli2GyDFMqQ2/AsoVCtbZuYYIFfbwT63Uluu3Ev2HKDa2IFn//ENgaeQl0WI46CiyzjxA84yrwEsJ9FtCNwPZLQ2vjIi6WzwZuA4OWCS4dCBuy2DgnxuehsZuVH60GBzeKWoLp0oHLVL+tOzNmXpJybPpMvyR0g++bs5FbzuzVl4bgCOsiF+80QdylOmal5o2IGLf9IvW+MtM4sKhSLhH+yGiD5ZhZhSr7gt6fU0GBnaFb27Qbc6xOnR29d4nGfwzDLKHMOE+XqLbBiIqhw0XrOsF+oS39zRObpYmsvi9UOg2QQXMjoaEKq6HTEzTZjpHgJViLzwh2EOOf4LrgI/iBWG7rcz3CNpV+65AYpljfskci6lOqg/HUY8AHVS3zvT3bWmKgCDeiZCOQ2lAfQ==",
                            "username": "blairboy362"
                        },
                        "meta": {},
                        "tainted": false
                    },
                    "deposed": [],
                    "provider": "provider.github"
                },
                "github_membership.org_membership": {
                    "type": "github_membership",
                    "depends_on": [],
                    "primary": {
                        "id": "alphagov:blairboy362",
                        "attributes": {
                            "etag": "W/\"b21235ee3f9217bf64fddf32e19fb6ef\"",
                            "id": "alphagov:blairboy362",
                            "role": "member",
                            "username": "blairboy362"
                        },
                        "meta": {},
                        "tainted": false
                    },
                    "deposed": [],
                    "provider": "provider.github"
                },
                "github_team_membership.team_membership.0": {
                    "type": "github_team_membership",
                    "depends_on": [],
                    "primary": {
                        "id": "2826127:blairboy362",
                        "attributes": {
                            "etag": "W/\"2731f050738a73ca11e78abcec6a5101\"",
                            "id": "2826127:blairboy362",
                            "role": "member",
                            "team_id": "2826127",
                            "username": "blairboy362"
                        },
                        "meta": {},
                        "tainted": false
                    },
                    "deposed": [],
                    "provider": "provider.github"
                },
                "github_team_membership.team_membership.1": {
                    "type": "github_team_membership",
                    "depends_on": [],
                    "primary": {
                        "id": "2826126:blairboy362",
                        "attributes": {
                            "etag": "W/\"f245a6eabff2022068c9adc57d2b916b\"",
                            "id": "2826126:blairboy362",
                            "role": "member",
                            "team_id": "2826126",
                            "username": "blairboy362"
                        },
                        "meta": {},
                        "tainted": false
                    },
                    "deposed": [],
                    "provider": "provider.github"
                },
                "github_team_membership.team_membership.2": {
                    "type": "github_team_membership",
                    "depends_on": [],
                    "primary": {
                        "id": "2826120:blairboy362",
                        "attributes": {
                            "etag": "W/\"3fd82df5f8415fce1264b8a19ef3926f\"",
                            "id": "2826120:blairboy362",
                            "role": "member",
                            "team_id": "2826120",
                            "username": "blairboy362"
                        },
                        "meta": {},
                        "tainted": false
                    },
                    "deposed": [],
                    "provider": "provider.github"
                },
                "github_team_membership.team_membership.3": {
                    "type": "github_team_membership",
                    "depends_on": [],
                    "primary": {
                        "id": "2826125:blairboy362",
                        "attributes": {
                            "etag": "W/\"f9f0184cc2c18732beae02b213922632\"",
                            "id": "2826125:blairboy362",
                            "role": "member",
                            "team_id": "2826125",
                            "username": "blairboy362"
                        },
                        "meta": {},
                        "tainted": false
                    },
                    "deposed": [],
                    "provider": "provider.github"
                },
                "github_team_membership.team_membership.4": {
                    "type": "github_team_membership",
                    "depends_on": [],
                    "primary": {
                        "id": "2915524:blairboy362",
                        "attributes": {
                            "etag": "W/\"9cdf5b6825e17518dd86f12558e21b41\"",
                            "id": "2915524:blairboy362",
                            "role": "member",
                            "team_id": "2915524",
                            "username": "blairboy362"
                        },
                        "meta": {},
                        "tainted": false
                    },
                    "deposed": [],
                    "provider": "provider.github"
                }
            },
            "depends_on": []
        },
        {
            "path": [
                "root",
                "user_bravegrape"
            ],
            "outputs": {},
            "resources": {
                "data.github_user.user": {
                    "type": "github_user",
                    "depends_on": [],
                    "primary": {
                        "id": "17963330",
                        "attributes": {
                            "avatar_url": "https://avatars0.githubusercontent.com/u/17963330?v=4",
                            "bio": "",
                            "blog": "",
                            "company": "",
                            "email": "",
                            "followers": "3",
                            "following": "1",
                            "gpg_keys.#": "0",
                            "gravatar_id": "",
                            "id": "17963330",
                            "location": "",
                            "login": "bravegrape",
                            "name": "",
                            "public_gists": "0",
                            "public_repos": "6",
                            "site_admin": "false",
                            "ssh_keys.#": "2",
                            "ssh_keys.0": "ssh-rsa AAAAB3NzaC1yc2EAAAADAQABAAABAQDNdyEwwLId5/Eh16ATVG57FsMdWyqVv6OhXpgXRaGNZOz8/MYyM5s0u0zK0q/bKTHFQgOdn9052Ddr06gUeaW96b+nIfpN44ZX4XVX6hlxkhJ6i61biuPwfz+vIDchH6dpehCafYZJSnVt/h95WsZp3QORImKoCf2RMGER17dbjOLzMi1X2F6AKS/k1h6nT8fOcczV98DCDV6TTzgCvsSMOfo7W9D5jOPHwoZ6v9inqCN7DO1ZhnLOZ81OmcPSUmaRXjx8yS2aoNkdCPkz3ElLGC02o8DS0X6bJ4Lt+pdgWke0lr3XoFMGWvXYO20zKeqZcIDdGaiClfQJm9mLMBF1",
                            "ssh_keys.1": "ssh-rsa AAAAB3NzaC1yc2EAAAADAQABAAACAQDmeNS67e6GILL+tYA0+eETtP1caA5NLqGqk3ZelNeR/Hvm7OX+VTq66gCr7gLry5emhF9O2+mncAKbHtKRd19GCrnzt+R4AyRN4WtPUORff03s5rKDmUXHA9ax6fSrEIFkZ1SDj+Py1knQmd9j6kNFljQPmPEkeIot95NWmGZFuz1d4kaQ0Yx538t0KbR2pebVOpC7xv7/PWWLEelxWfnJ3B3IJs3OK8BCtB1MazY0uLmo0Ty7HkjzW7ybFXko5S48YE9W9MdznGVwDTSX5rIByv0uPjtaLKUkWPxwfoSOu3QH02KvckdU4i50MrbECiSMJmfj9tdZfFLVNTh95qFA3M/72alAokvQCJnouXfSCzsk1R+JTEeb+eQi69aLx/fi1jJE1Y0xA0vSNPJs4UGf8Xb2qRZzMNsg7xBRXTlenKYQawIQYTI+H9tbftn9+zy1WDVWCq7zMkcyibbqyAvWEJail5Yv+jqLt1wVuaNtMjJMkaa9GV4FgAgKFwIRlKQRNsWzbIgK0DdanMby5hQVtYZRr+Jgj1naQmna8aWd7XT7thdXlEYf4YqhNR6STkJDG+kFnx1/0y2M8JZqTwlbt+ahPzSpXVh6TlZkH0TulZkVZPoNX4uBMTDuSkfbqab5h+K6M544As7gjtteJK8KbSBlOGtnKdeMU0Ylbg3BTw==",
                            "username": "bravegrape"
                        },
                        "meta": {},
                        "tainted": false
                    },
                    "deposed": [],
                    "provider": "provider.github"
                },
                "github_membership.org_membership": {
                    "type": "github_membership",
                    "depends_on": [],
                    "primary": {
                        "id": "alphagov:bravegrape",
                        "attributes": {
                            "etag": "W/\"96e498e0c94d636c8765ce15aa4e24cb\"",
                            "id": "alphagov:bravegrape",
                            "role": "member",
                            "username": "bravegrape"
                        },
                        "meta": {},
                        "tainted": false
                    },
                    "deposed": [],
                    "provider": "provider.github"
                },
                "github_team_membership.team_membership.0": {
                    "type": "github_team_membership",
                    "depends_on": [],
                    "primary": {
                        "id": "2826122:bravegrape",
                        "attributes": {
                            "etag": "W/\"9973498d2bdcc366e1e02e39f40809db\"",
                            "id": "2826122:bravegrape",
                            "role": "member",
                            "team_id": "2826122",
                            "username": "bravegrape"
                        },
                        "meta": {},
                        "tainted": false
                    },
                    "deposed": [],
                    "provider": "provider.github"
                },
                "github_team_membership.team_membership.1": {
                    "type": "github_team_membership",
                    "depends_on": [],
                    "primary": {
                        "id": "2826127:bravegrape",
                        "attributes": {
                            "etag": "W/\"9d28910f0fa044cfc5658584d1e70a40\"",
                            "id": "2826127:bravegrape",
                            "role": "member",
                            "team_id": "2826127",
                            "username": "bravegrape"
                        },
                        "meta": {},
                        "tainted": false
                    },
                    "deposed": [],
                    "provider": "provider.github"
                },
                "github_team_membership.team_membership.2": {
                    "type": "github_team_membership",
                    "depends_on": [],
                    "primary": {
                        "id": "2826126:bravegrape",
                        "attributes": {
                            "etag": "W/\"f937fc814cb031133393540c0a9c0105\"",
                            "id": "2826126:bravegrape",
                            "role": "member",
                            "team_id": "2826126",
                            "username": "bravegrape"
                        },
                        "meta": {},
                        "tainted": false
                    },
                    "deposed": [],
                    "provider": "provider.github"
                },
                "github_team_membership.team_membership.3": {
                    "type": "github_team_membership",
                    "depends_on": [],
                    "primary": {
                        "id": "2826123:bravegrape",
                        "attributes": {
                            "etag": "W/\"92a19a7f735e5aaa51a2fa6cde4c5fd9\"",
                            "id": "2826123:bravegrape",
                            "role": "member",
                            "team_id": "2826123",
                            "username": "bravegrape"
                        },
                        "meta": {},
                        "tainted": false
                    },
                    "deposed": [],
                    "provider": "provider.github"
                },
                "github_team_membership.team_membership.4": {
                    "type": "github_team_membership",
                    "depends_on": [],
                    "primary": {
                        "id": "2826125:bravegrape",
                        "attributes": {
                            "etag": "W/\"7777b00e7515afcf199f49d07e4053c5\"",
                            "id": "2826125:bravegrape",
                            "role": "member",
                            "team_id": "2826125",
                            "username": "bravegrape"
                        },
                        "meta": {},
                        "tainted": false
                    },
                    "deposed": [],
                    "provider": "provider.github"
                },
                "github_team_membership.team_membership.5": {
                    "type": "github_team_membership",
                    "depends_on": [],
                    "primary": {
                        "id": "2915524:bravegrape",
                        "attributes": {
                            "etag": "W/\"ee73876d3c117c965817d4419bac6b8e\"",
                            "id": "2915524:bravegrape",
                            "role": "member",
                            "team_id": "2915524",
                            "username": "bravegrape"
                        },
                        "meta": {},
                        "tainted": false
                    },
                    "deposed": [],
                    "provider": "provider.github"
                }
            },
            "depends_on": []
        },
        {
            "path": [
                "root",
                "user_brenetic"
            ],
            "outputs": {},
            "resources": {
                "data.github_user.user": {
                    "type": "github_user",
                    "depends_on": [],
                    "primary": {
                        "id": "3466862",
                        "attributes": {
                            "avatar_url": "https://avatars3.githubusercontent.com/u/3466862?v=4",
                            "bio": "",
                            "blog": "",
                            "company": "",
                            "email": "",
                            "followers": "4",
                            "following": "0",
                            "gpg_keys.#": "0",
                            "gravatar_id": "",
                            "id": "3466862",
                            "location": "",
                            "login": "brenetic",
                            "name": "brenetic",
                            "public_gists": "1",
                            "public_repos": "2",
                            "site_admin": "false",
                            "ssh_keys.#": "4",
                            "ssh_keys.0": "ssh-rsa AAAAB3NzaC1yc2EAAAADAQABAAACAQC5GqE9ZyPi5nWLGeXzqgLL+vUYiGwePulBhCaeiIMXmDX9JVG94r4o/WgUgkOLiON+j+F4m41GMnHsWSZ8+Fd4lJHHaIuX+DtK6COsIyezIF/4963wRZFaak9Z8J1XX82Su3wY7DtBuszYZEPon8uZj3/hGTmSd4Gm5x7fVZSCAiv4QTICCw3omrJw0zIeKCQCpmmRIkyHu1HOcz3WB4hJtPDgmZ5OgPtZ58R5pC6j0wzCoAnerNlXC/+t3Z321zOF9PNgxdqDjkElJsWioB9V3/MZfVxj3u1OrYWBblv92LBExHpbZUlrw9zxEDcugq/KQFG5eva9RjeRxZK99OAlApRBfYEL8/cEnxp04ZTTfPF2RrFlkgpZ+xMZIfm59uo/zK9sLB5slOwryhx3WeU6BDAJa+Av0cU8bj8j93RKyXsnhrBZIj3zttDfD5zogX9DCbJ4xi12b4PzpMuR0FaWOVc5qqcWWBCVXZmUoF6DYpErE+jIWs1TAJynr4/BktkQQAHLf/K0VrT6JthrWRGfegqqBvwLo7AeXdcNYwbp7H/blnroBVWNZIRdjaGtVncaFLY21Xvy0gPlEbW/w+c3UqhS1dopjzg/QLRy7uSxCRLJfZOGRvY0NVPwB4rxb6tz68ZSbmgfvWnDQSLKyWyZPb1t+XB1IA9L5vd9lbgKWQ==",
                            "ssh_keys.1": "ssh-rsa AAAAB3NzaC1yc2EAAAADAQABAAABAQDYL7yzwWH04qIDxdXkuIID4REubus9i9bYulu7gqpVA1ikHC8l6P9pjxpsF2Pno0k/wL3Lp+UA2IBtYPBCJsdH/v7kQaxsGwotocWUyDbDVXxj4ll/WYYg5Lmucz9NZ10gvWATps1/KRqYzA/HJQvxECwigKprpJAn4FHtuA1zhzWeYRf4v6Ynlrb7ZjmW0YBbb2jWEPAgIYRVBQJW5oBAkjURG2eyas3nAMbng4sJUbqBt5o1sbyhbbd0FOxK5w8yZeCNTuNRC4Wtl0QEHNSRAuZbqATp6Z2LFO5WFK4Tvqgv6IW+I10iwfuUuhV5tor3xisMbdlzo8Fo8l3ta9Pl",
                            "ssh_keys.2": "ssh-rsa AAAAB3NzaC1yc2EAAAADAQABAAABAQC6eOrrAb2t8q4AqvlGECYlEYoYdq6wIVsgZj2uDd30E2p1ij3ztbG9uHYF6ddbkCArUxXZPPFXAMgeH9W/kmITCRK5ySMVrAcxNeO2ZoyhPlkLlv2RRbBsOPhVvFZuLrWFZdpt9v2XgvrXzPI/50r5zoz1skwOHnFFm7wmek9rc6qIsItAvlELfu01CF78T6PrmKPHBi8xZDlgkEgbmB0vhfmKsuW/gQjrpHoeOhYugzelKnto5InOLUjYFxI3Dxq0f+qUq/NmdfFx0audr+ERGQ++iR3njxg4RZGeAzKkg6I+MkwSHPaC7qkoe+8QF/Tm8kgzh17p6EYyRvwrt/ml",
                            "ssh_keys.3": "ssh-rsa AAAAB3NzaC1yc2EAAAADAQABAAACAQDEQuPObgzQYpNZv72Zc6FvzxZrOdZOOp9bn/q53KG83VPCTiGpeNfkokJEZCYXmjISbpyZLDQan0BsiM3SdwoJhpSvPF+Pl1ChQm1O53G95NZ2ktIgwbAGQvKiUNDeLl8U6i4HsSTJCQMhQAhHBHzehy8v4yC0YFLHNEPhALbuYC+XGMkae0uX7XuhbHRDs0zLbJWf7KJbK68tnycCvOol2eF7cZkaw/bHAYqW3YJU+cwrCXiCVbx4OwEOvek2DfGg1fLeq1tf33lrnMgI71h2kT4yoCthHs+2zYizuUsYeqFS/5cSLwEOF1JkVQrh61RIoebk4L0ZqtxpyMwgD2XgkmCPu0Nodvy9wqWh01wUdDLSwpvlz4117zMlNEyR4OrTNe+b6gvcbKbYxFt7jKEMmMVcJ5FDthKRJXxT93T1l80QvO/Pqfg0vlGHqh3FnOy/caOWjClwRJiukmnWYtB/aM2cBH4r1oM6qrNNXVBEaFFJTc57salR7+BgSRC+RUM44WBcC44D2/lKfS+tT3ayb7V9/Fs+RfTsXD0xBML/0dw+HgEKC3SrnKfPrdm8kGgHaN4qg3whoe4uNuqygRf59jE3t50CT6v9v+xc1kKB/1CjZVE2MGDjwEM0U7TA66VznFBn8VWUsnfzk/D5LIlRUFMXy4+zNTElhXEEZEPENw==",
                            "username": "brenetic"
                        },
                        "meta": {},
                        "tainted": false
                    },
                    "deposed": [],
                    "provider": "provider.github"
                },
                "github_membership.org_membership": {
                    "type": "github_membership",
                    "depends_on": [],
                    "primary": {
                        "id": "alphagov:brenetic",
                        "attributes": {
                            "etag": "W/\"2f3992a108feb47d3c0bc3941ccee26c\"",
                            "id": "alphagov:brenetic",
                            "role": "member",
                            "username": "brenetic"
                        },
                        "meta": {},
                        "tainted": false
                    },
                    "deposed": [],
                    "provider": "provider.github"
                },
                "github_team_membership.team_membership.0": {
                    "type": "github_team_membership",
                    "depends_on": [],
                    "primary": {
                        "id": "2826122:brenetic",
                        "attributes": {
                            "etag": "W/\"d5986684583374cac11d56dedfae99bd\"",
                            "id": "2826122:brenetic",
                            "role": "member",
                            "team_id": "2826122",
                            "username": "brenetic"
                        },
                        "meta": {},
                        "tainted": false
                    },
                    "deposed": [],
                    "provider": "provider.github"
                },
                "github_team_membership.team_membership.1": {
                    "type": "github_team_membership",
                    "depends_on": [],
                    "primary": {
                        "id": "2826127:brenetic",
                        "attributes": {
                            "etag": "W/\"e7d10d575dca51b7dbbe15bb5aaab1f6\"",
                            "id": "2826127:brenetic",
                            "role": "member",
                            "team_id": "2826127",
                            "username": "brenetic"
                        },
                        "meta": {},
                        "tainted": false
                    },
                    "deposed": [],
                    "provider": "provider.github"
                },
                "github_team_membership.team_membership.2": {
                    "type": "github_team_membership",
                    "depends_on": [],
                    "primary": {
                        "id": "2826126:brenetic",
                        "attributes": {
                            "etag": "W/\"e40d56bd03e1c8be51404f014c9e9672\"",
                            "id": "2826126:brenetic",
                            "role": "member",
                            "team_id": "2826126",
                            "username": "brenetic"
                        },
                        "meta": {},
                        "tainted": false
                    },
                    "deposed": [],
                    "provider": "provider.github"
                },
                "github_team_membership.team_membership.3": {
                    "type": "github_team_membership",
                    "depends_on": [],
                    "primary": {
                        "id": "2826123:brenetic",
                        "attributes": {
                            "etag": "W/\"17876b1357a5837dcc1907c93bd28ea5\"",
                            "id": "2826123:brenetic",
                            "role": "member",
                            "team_id": "2826123",
                            "username": "brenetic"
                        },
                        "meta": {},
                        "tainted": false
                    },
                    "deposed": [],
                    "provider": "provider.github"
                },
                "github_team_membership.team_membership.4": {
                    "type": "github_team_membership",
                    "depends_on": [],
                    "primary": {
                        "id": "2826125:brenetic",
                        "attributes": {
                            "etag": "W/\"dd310e0147e9b4cedfbd82e0e8f4c5b7\"",
                            "id": "2826125:brenetic",
                            "role": "member",
                            "team_id": "2826125",
                            "username": "brenetic"
                        },
                        "meta": {},
                        "tainted": false
                    },
                    "deposed": [],
                    "provider": "provider.github"
                },
                "github_team_membership.team_membership.5": {
                    "type": "github_team_membership",
                    "depends_on": [],
                    "primary": {
                        "id": "2915520:brenetic",
                        "attributes": {
                            "etag": "W/\"70b3341aadb3d18e84b3a47b80afbd80\"",
                            "id": "2915520:brenetic",
                            "role": "member",
                            "team_id": "2915520",
                            "username": "brenetic"
                        },
                        "meta": {},
                        "tainted": false
                    },
                    "deposed": [],
                    "provider": "provider.github"
                },
                "github_team_membership.team_membership.6": {
                    "type": "github_team_membership",
                    "depends_on": [],
                    "primary": {
                        "id": "2915524:brenetic",
                        "attributes": {
                            "etag": "W/\"36696a7f454c244fd0b04c55a71eafe1\"",
                            "id": "2915524:brenetic",
                            "role": "member",
                            "team_id": "2915524",
                            "username": "brenetic"
                        },
                        "meta": {},
                        "tainted": false
                    },
                    "deposed": [],
                    "provider": "provider.github"
                }
            },
            "depends_on": []
        },
        {
            "path": [
                "root",
                "user_callumknights"
            ],
            "outputs": {},
            "resources": {
                "data.github_user.user": {
                    "type": "github_user",
                    "depends_on": [],
                    "primary": {
                        "id": "24547183",
                        "attributes": {
                            "avatar_url": "https://avatars1.githubusercontent.com/u/24547183?v=4",
                            "bio": "",
                            "blog": "",
                            "company": "",
                            "email": "",
                            "followers": "1",
                            "following": "2",
                            "gpg_keys.#": "0",
                            "gravatar_id": "",
                            "id": "24547183",
                            "location": "",
                            "login": "callumknights",
                            "name": "",
                            "public_gists": "0",
                            "public_repos": "9",
                            "site_admin": "false",
                            "ssh_keys.#": "1",
                            "ssh_keys.0": "ssh-rsa AAAAB3NzaC1yc2EAAAADAQABAAACAQC5aPNR4RbZB+AsryiZR16YBq1GSKAyeYmjnuIKdGSJZcvDdBmM6LBYFynf2vmwxWGD6U+qRly65H7frSPwuzTjg6TB9zO0Gb5OhC7wgXwRNOAOuFcA9EcV7vDTgeMNlNzirmbB19a4XgzpNZt+u1OjgVeEgx0hdF3v3/y/dqnsmdLZmA3/hVcZuO5yS/JBK6of/gVZ1RJMtE5pA3V/E3a/rmG3fKvvqSvjmTf3Z3uwb94QmKjuhVaZjElT0SCNtqZgBvtXvdQes1ru6K1Bfl/hS6TCO6oGJm6YnVRvp+ql1lf87DHqFYobgBypT8Q1u+mzU0oTuNiHnoAF/Z0Plbl9AMjfsx41sMlNRN+K0V9YMkOHU5XkLDtK2uNkmzbHguhmJm+F5sptXL1jYZg8jnGGHalNosvZjkBqY+YSDsGyyq6dhmLxGp9aDzQdf85d82jEoyss6tIKcw5hB0ClCunamZzmJ+de1gXMiogWEOZgsUmeBrpdItHejeF8tILi9DYsMMtSXxVCAfRFfaqQR3rvwYE62f/xsV7hxXr4aRDyuL4BUOAx3Lqu0OVVjb+YgyZgJgZNJZjI41qStTYP6Fb+T0jPVYfYm9/ftJuLnjct71INK+O5Gupk40aIwOTImfGSZdwcVKCMhDKruqESBE4ZWACj9Omom+wlvYcP4X75nQ==",
                            "username": "callumknights"
                        },
                        "meta": {},
                        "tainted": false
                    },
                    "deposed": [],
                    "provider": "provider.github"
                },
                "github_membership.org_membership": {
                    "type": "github_membership",
                    "depends_on": [],
                    "primary": {
                        "id": "alphagov:callumknights",
                        "attributes": {
                            "etag": "W/\"53ca398c75bf7d2c59f4580a21bacc48\"",
                            "id": "alphagov:callumknights",
                            "role": "member",
                            "username": "callumknights"
                        },
                        "meta": {},
                        "tainted": false
                    },
                    "deposed": [],
                    "provider": "provider.github"
                },
                "github_team_membership.team_membership.0": {
                    "type": "github_team_membership",
                    "depends_on": [],
                    "primary": {
                        "id": "2826122:callumknights",
                        "attributes": {
                            "etag": "W/\"f54ffd1b18f25d74d9f79c25899cfa99\"",
                            "id": "2826122:callumknights",
                            "role": "member",
                            "team_id": "2826122",
                            "username": "callumknights"
                        },
                        "meta": {},
                        "tainted": false
                    },
                    "deposed": [],
                    "provider": "provider.github"
                },
                "github_team_membership.team_membership.1": {
                    "type": "github_team_membership",
                    "depends_on": [],
                    "primary": {
                        "id": "2826123:callumknights",
                        "attributes": {
                            "etag": "W/\"2410d73e84605afb656f199e6842b83f\"",
                            "id": "2826123:callumknights",
                            "role": "member",
                            "team_id": "2826123",
                            "username": "callumknights"
                        },
                        "meta": {},
                        "tainted": false
                    },
                    "deposed": [],
                    "provider": "provider.github"
                },
                "github_team_membership.team_membership.2": {
                    "type": "github_team_membership",
                    "depends_on": [],
                    "primary": {
                        "id": "2826125:callumknights",
                        "attributes": {
                            "etag": "W/\"65bba90ca3761c114113180c9c4adcfe\"",
                            "id": "2826125:callumknights",
                            "role": "member",
                            "team_id": "2826125",
                            "username": "callumknights"
                        },
                        "meta": {},
                        "tainted": false
                    },
                    "deposed": [],
                    "provider": "provider.github"
                },
                "github_team_membership.team_membership.3": {
                    "type": "github_team_membership",
                    "depends_on": [],
                    "primary": {
                        "id": "2915524:callumknights",
                        "attributes": {
                            "etag": "W/\"c4605aa29fa09912eaa2603594b96007\"",
                            "id": "2915524:callumknights",
                            "role": "member",
                            "team_id": "2915524",
                            "username": "callumknights"
                        },
                        "meta": {},
                        "tainted": false
                    },
                    "deposed": [],
                    "provider": "provider.github"
                }
            },
            "depends_on": []
        },
        {
            "path": [
                "root",
                "user_charlesic"
            ],
            "outputs": {},
            "resources": {
                "data.github_user.user": {
                    "type": "github_user",
                    "depends_on": [],
                    "primary": {
                        "id": "3608562",
                        "attributes": {
                            "avatar_url": "https://avatars2.githubusercontent.com/u/3608562?v=4",
                            "bio": "Traveller • Dancer • Entrepreneur • Hi-tech enthusiast • Sceptic • Software engineer • Born-again minimalist",
                            "blog": "",
                            "company": "Government Digital Service",
                            "email": "",
                            "followers": "8",
                            "following": "24",
                            "gpg_keys.#": "2",
                            "gpg_keys.0": "xsBNBFoz8zABCAC2zFZRq0GmBkw/mEtg9GPHlJ9hOSsp0VM2w2h3xKkSeCzGd/N2EAgDBRFvqxKLaCA8xN6265pTg1fSIKGZhP4UzrUiVY9Cfy2WBHHBK/zW0qOxqvXLDKNtXOA7G8ajzWIuFOYg53xubo3G7jeu4e18J5o9gUCTgxTYvFqllTJjO80+Kd1Ropecc/b9Y4LB9H0hRWGeWB7gwAKz62wn+7EQNLl+tRkT0QcgzHUMueP0hFOyc0hadKHEdrGwWtXtkaYYkBrs/lamWNgCR75GNXJfsXG1r6b80f2Zo8GRWPNylAZcxVElBw+8KKdZLccvQTMaJmIRv+7uwoxzMF78nTKVABEBAAE=",
                            "gpg_keys.1": "xsFNBFgZw4ABEACeXCI4UCDONn3XIIKAOSjwBO4nJcrf2hyuOo/ny9jUBr6EN7PJWtS1cP0LaHchzORfdl3Ue8sm9eRi8SiReyuF9PsJT11TDjBQpmoTI42w6QgLYs2lZWc4yfWfC6MA3LPMf/+NlLcH91EfsHYD0QfLWbNJ76SFvbTYkYD1MCM9bpiQD2pQGR2WXEXH/aomQM3lQVCwhjERMf3q91zjmSBqh8Zc6sZv5HAo5w3XFqTbX2xDdLR7ckDJSJe0+KzNDqjqG2OAqv4alS8zoHeqUC+2tDGuhsul77vCKpQ377nBI00X6NfC3GPwJQ8E9jnDuDbmFEYgX1SsufFLEbX9mDQMsrc5JIYxaZuzmAz7DK2CoVhizGD6g5VSXzr/QCpE8nlABwBG63ldfsJul0d0eAQkzXN4mU874qTFjUAbEksO8nCAzXD9MlVAke/TXAI7bA3sZTldjSpDRTQDAcvsPSZI3SxkZV08djTG16/cfQJaROQ9Xz+R5Fwy+b3PikkcYGVS49Ky7fXnLDXvluSm+3Oa49tBkffFyf0eRjvWfiQrgdarmubH16UaI2i5eHVMJDy26cZY5hcMLExodfN40c9GFAGCCyLDaA72vqNgk2wmo1E0yh9DDIsk1IFFDMEXDjWf56fzB1DOtyVWv1d6CGXALB0OvhEnVV+dSfF+29YqiQARAQAB",
                            "gravatar_id": "",
                            "id": "3608562",
                            "location": "London, UK",
                            "login": "CharlesIC",
                            "name": "Charles Karol Gancarz",
                            "public_gists": "1",
                            "public_repos": "24",
                            "site_admin": "false",
                            "ssh_keys.#": "5",
                            "ssh_keys.0": "ssh-rsa AAAAB3NzaC1yc2EAAAADAQABAAABAQCicDnVL0bM6MrPxrnW25wFoGRjMY3Lc+lKotAADB5dS3qbQOKIARq6qzRcxjboLKipcJF3i7UrkK4WKbCs9voDhrKR76As+1jqX65XWMl9PCxbPoqkz0rQWhuRpMOoVzTcLN0F+GV9NOXpLff0zOFjq3fMhvNxOCZkbmUYLoqkxi3TVPAGDw/OMDGaUenTI8K/eTbtkN+G4qAIDgreznZNLXRnOPvbHng/+LcduLdHKzeum0RbZPC7d8w3salhGgFJiZYDrD1Zt++WjhtrIImbTcUAGln/vjFfJhfA/D8yDvA1yU1LE1r3ue+OIWBKS2VU82rDy/OvE/7en8BoCjPv",
                            "ssh_keys.1": "ssh-rsa AAAAB3NzaC1yc2EAAAADAQABAAACAQDOQAAT3XfOTrFePHIhsrFyTJH+WiIDZwUz0SqK+0PkJ0QjqhgeNpg/BkXKBnOMQhdmoG60Gz8iE/khmzQqG2ioenInOwSHrSmKKdjvetwrO9SGMzmgeLY4fjnjc1zlKaxWIXIKwLr7CaV5PW+dKdgr07T+5Ycs8teHtmXQ79H5dSK1xnE/7EnM+tuP8rWmAd2A0PeEw53dmnD6/6EoAJGs7/exMDuwD/6Ug7k2Ds+rBvfiwRO1IpCIVCqlkLpI1kBo3FqqpQgs8rNObszWdTwjws3ZfpYz6HztocE/Oo6Z7Mk5P/nWErHGC8lubAwiEcRSXWn9CLZs3pFh+8BQDOrzXrQ9hQf+VqyTdJKM0jjGw5g93dr2/+8wiGEUHIg8F6q0QZDTgQk6eNy12YmWS/t6cI/nMXA+O4yNphi0QYJjSGBNcxsdxhdXZXLN0zzOXxQCSxhKoGSs0pbOwKFCqELBNUHPIHI4s7ONkFAgiS6/PVInwWVDrb6qg5c3+sp9Rtbfj+F9CA13U2dVsGuCSJNqvlbOHm+Tu4bGaTt//xufu9kLVMHEzDTPPpt9Am5ayRKFrn2je1nNfBNryU9dQKLzKd86Q381LgDukv3Cyy1pGV/CnQjVZk7hCipslGZUi1i73umv0nRwD6ITVmkMM7Wfg5vjKlAvEPts5RlRvlzctQ==",
                            "ssh_keys.2": "ssh-rsa AAAAB3NzaC1yc2EAAAADAQABAAACAQDds6HauwIZgfC2lVap6NaV+OTk7pYRfW4YylnSJCa5R+V/F4yWmAckkfbM6kH6KJyoTqj1+4eCm597RrGeMKpK5z0PfVqVut8awRaD/gCeF7O3BtOYzcWtJdmvofL1YvZaBAVlW7YYzO+hGKTPY969wDbMtOyKBVS3VjS8OUIN0O8XAkWtp60Hy0HXc0Z9eTw7cdJD+VcrlzUyUvj/LvGPuRVXUjJSH1Irwjoj3uNRbAUW9Fi+EktfkaZNbo+oab92dk59wCOGoGfRI2kgBE5jjKqcrRCsSkMxkBuX20yqFMBqCeyy6YMw2uXUqDIGE9vdNMrhmSq9r24FT/rv5RCA9Waegep78nC7cG6deH1NU7xoJgbg7lAsnCW6NO/ah7vn/D77iAKT4gdD9gd8HRBiyhDWwW1LfQqErYbnZopE4vC5oJ9kEfC1DeCKLgsJGvbqDLnv8bEdV9HFhwipZxoeMrOnJzEfBsrxk9TJwVg+gKyInkfCvEjYSJos3L/yBIgrWzrSXg/3GXgi82LCBAqeeqiGPNWDZC1Sd0/KDO+JodfDcWxBGE7I0b1l4/dEwjnZmzyIlEYlpR2A9OgaIRqexD99Ya8li7O+P5WeOJFF8cEnns7kqEuadKhk5jJujW6X6QIbqWZopkE4im4ZJcRBcgaXPkuK9CIbuDNyRCcSiQ==",
                            "ssh_keys.3": "ssh-rsa AAAAB3NzaC1yc2EAAAADAQABAAACAQC7tgFowAqpxK2kOtVtSRm9pWsPN5bK0JgeMCPYupuZzxhPInbMtQRNYClWIR7z3JVOtnAvp3e/sZvBWv9ZiHMaxQKDAWqMd0lTIbQ1RV+coZuFew8rw5tNO2q0mGj+vWC4hKg5dXz4j4fu0RhQD0pUzT+ZYZNztpdbdJ34R/h77pzjc4SP7q/s70BcHnrZP3STRq1VZfTE+sC/8ijsoEepc+M+mHzTIja6AnggyAYtP/Jrg1emTpX+Mq47k20q1THivRXK8q4GZjf/2I9Rs20LJgeUtLQqAMrN6aClnhfZB0hwAzuFMrZ+rjI8Rh9WvajoSOtgH8CC48BhsRZyWphPRHhO/akvHvDtSRaWGF2KJR+ixGwyNTQCNkD0nF1lMIiA5C7gHldtysBuhVvEIiMWLyzrpAE8LizkCfW7k1iW15BzP4zGvxOl0YAD7GUkP6kyZtUaAPH6S2P6GMlVyesK3qtFYZYIJyL4KCjg4HMBdfyINT9/7WHQlgJfzVdkU2wsteUemQrdN0pUlFiOm2NGDSQ6nN/qZ7E0yeVhy4ALIuaJD4lgDefd1WJt2+Ty4uCnzYSmp1JRzBYceOn4Pdq2ruoqw2m6PiaJvFeZeEwrGFWqtoZ0KMR1HXCCY+ppkpkX29HOj738wxvNoO70Dob5V8Euni9pvQ0QOQNQvAle7Q==",
                            "ssh_keys.4": "ssh-rsa AAAAB3NzaC1yc2EAAAADAQABAAABAQC8FO0tsNCL5kH+24sg3XBTbDY/K0Dnm/bqhGNj6ze8O05VUTV8Q8W8ks29Nhyy7kTdv1C1hGhsbNOwJxi6CnSaWezL6o/uyjlvoY7tqkYc2xG9+Ktrzf3/dSqenjipQhiFYkyoOzuYrTdzFDF0v3WITlyJ+PO9oEW+nvFZuB3Vgv9WHbruC+60MiaJYEI+Mb0bdcyGeguTm2iBDk3KhOFqf/Qx8y370TD2ncsBU+xp7pwkoOuKZ36qH98oMfh6YA3d0E6sCwpJbHO/4jK5cJA9Y+kodLVf3CMxTRRTLFRNPcwvH+Xjke+HouDg/ZBefzTs3QLz7wBEoWNi66ufA8tL",
                            "username": "CharlesIC"
                        },
                        "meta": {},
                        "tainted": false
                    },
                    "deposed": [],
                    "provider": "provider.github"
                },
                "github_membership.org_membership": {
                    "type": "github_membership",
                    "depends_on": [],
                    "primary": {
                        "id": "alphagov:CharlesIC",
                        "attributes": {
                            "etag": "W/\"7afaa3cb52d10ad423ec3430390d68b4\"",
                            "id": "alphagov:CharlesIC",
                            "role": "member",
                            "username": "CharlesIC"
                        },
                        "meta": {},
                        "tainted": false
                    },
                    "deposed": [],
                    "provider": "provider.github"
                },
                "github_team_membership.team_membership.0": {
                    "type": "github_team_membership",
                    "depends_on": [],
                    "primary": {
                        "id": "2826122:CharlesIC",
                        "attributes": {
                            "etag": "W/\"15c83f038d98c998af27c313072f88c1\"",
                            "id": "2826122:CharlesIC",
                            "role": "member",
                            "team_id": "2826122",
                            "username": "CharlesIC"
                        },
                        "meta": {},
                        "tainted": false
                    },
                    "deposed": [],
                    "provider": "provider.github"
                },
                "github_team_membership.team_membership.1": {
                    "type": "github_team_membership",
                    "depends_on": [],
                    "primary": {
                        "id": "2826121:CharlesIC",
                        "attributes": {
                            "etag": "W/\"754188708887150b6719445a72abe357\"",
                            "id": "2826121:CharlesIC",
                            "role": "member",
                            "team_id": "2826121",
                            "username": "CharlesIC"
                        },
                        "meta": {},
                        "tainted": false
                    },
                    "deposed": [],
                    "provider": "provider.github"
                },
                "github_team_membership.team_membership.2": {
                    "type": "github_team_membership",
                    "depends_on": [],
                    "primary": {
                        "id": "2826120:CharlesIC",
                        "attributes": {
                            "etag": "W/\"136cce1f38eb23373a2f92b37e400894\"",
                            "id": "2826120:CharlesIC",
                            "role": "member",
                            "team_id": "2826120",
                            "username": "CharlesIC"
                        },
                        "meta": {},
                        "tainted": false
                    },
                    "deposed": [],
                    "provider": "provider.github"
                },
                "github_team_membership.team_membership.3": {
                    "type": "github_team_membership",
                    "depends_on": [],
                    "primary": {
                        "id": "2826126:CharlesIC",
                        "attributes": {
                            "etag": "W/\"d4fa80c8c6bc1de40e681b01cc4fdb72\"",
                            "id": "2826126:CharlesIC",
                            "role": "member",
                            "team_id": "2826126",
                            "username": "CharlesIC"
                        },
                        "meta": {},
                        "tainted": false
                    },
                    "deposed": [],
                    "provider": "provider.github"
                },
                "github_team_membership.team_membership.4": {
                    "type": "github_team_membership",
                    "depends_on": [],
                    "primary": {
                        "id": "2826123:CharlesIC",
                        "attributes": {
                            "etag": "W/\"23f81163a03fcbb95572c0f3b727af6c\"",
                            "id": "2826123:CharlesIC",
                            "role": "member",
                            "team_id": "2826123",
                            "username": "CharlesIC"
                        },
                        "meta": {},
                        "tainted": false
                    },
                    "deposed": [],
                    "provider": "provider.github"
                },
                "github_team_membership.team_membership.5": {
                    "type": "github_team_membership",
                    "depends_on": [],
                    "primary": {
                        "id": "2826125:CharlesIC",
                        "attributes": {
                            "etag": "W/\"54c1dc4af1fc3082680cb8f0e1759da2\"",
                            "id": "2826125:CharlesIC",
                            "role": "member",
                            "team_id": "2826125",
                            "username": "CharlesIC"
                        },
                        "meta": {},
                        "tainted": false
                    },
                    "deposed": [],
                    "provider": "provider.github"
                },
                "github_team_membership.team_membership.6": {
                    "type": "github_team_membership",
                    "depends_on": [],
                    "primary": {
                        "id": "2915524:CharlesIC",
                        "attributes": {
                            "etag": "W/\"78d62d8d94b968c12f08d4a025da01da\"",
                            "id": "2915524:CharlesIC",
                            "role": "member",
                            "team_id": "2915524",
                            "username": "CharlesIC"
                        },
                        "meta": {},
                        "tainted": false
                    },
                    "deposed": [],
                    "provider": "provider.github"
                }
            },
            "depends_on": []
        },
        {
            "path": [
                "root",
                "user_chris_wynne"
            ],
            "outputs": {},
            "resources": {
                "data.github_user.user": {
                    "type": "github_user",
                    "depends_on": [],
                    "primary": {
                        "id": "13836290",
                        "attributes": {
                            "avatar_url": "https://avatars1.githubusercontent.com/u/13836290?v=4",
                            "bio": "",
                            "blog": "",
                            "company": "",
                            "email": "chris.wynndow@gmail.com",
                            "followers": "30",
                            "following": "51",
                            "gpg_keys.#": "1",
                            "gpg_keys.0": "xsFNBFi5a34BEADiphRzdUqzGbHXIK3cSBZIYmpkfvLaGIjd7FNkqYzzdc0h7LYtPcvShF+vRFOwWTWAMqqHDX6g28Sit9YM3akdaiEraohfl2q4nLf3W5MepPW9X+AOYwPYvz1u7JASi+kh9f0dhxgnD+9QvHlC2GoJth+4PCWF+irOrjhmWEcfaafPIGIk3zMSB54jg0OXWJZIs9Aq0ClNJ+aT2VW76f5KlXsPP4zKAyr623Wwf6X2Lucu523cnNPzxNhdVY7RoAbfw38hPyaD6sOEHRJReHWBgMhP5nSt1WEuHOP+aifdTizE7T4WNwwMJeSLekbAnSIVVaj/k3JKuMk5xPEnzKeci7gd/b3hVuMVJ3SWSFp5kuW0eH90rUF5Amvw6ckhXHgdm0srYAzqUuWYCSNI8tWfR304U5hed7LMSQFZMBC+QRVOtOhRNJwvkZ7i+Gf+1Kh2HWKCnUex6ig2BXrFpfCxb3Zy8Q910VggL5kdRDTwye5SJ88XIc+3qaGTJa1OKeISjYk89BjDwlVoWhBYvYt9vMEBIjyiyHdK+iBLcQ0WKCkSbwpl6qqWYpJvZtCkUvpTyuXXTyygdFP7yqIcY2SA42dknySd5e/DoXk0yrnlEkDyxDW5jWtnczo/UQYwzjIACeanmzqAPFz49bWLwExi4sCYdVO8xo3XRAY+tCoS5QARAQAB",
                            "gravatar_id": "",
                            "id": "13836290",
                            "location": "",
                            "login": "Wynndow",
                            "name": "Chris Wynne",
                            "public_gists": "0",
                            "public_repos": "57",
                            "site_admin": "false",
                            "ssh_keys.#": "2",
                            "ssh_keys.0": "ssh-rsa AAAAB3NzaC1yc2EAAAADAQABAAACAQC0R/FNIhMo7NLInnxOD7+2Ig74+8rND6f4tzFQELhFXTLxnJ8DTgeSJw5VV/w2URiiE4uFmbOyje4UxplN11TEJ4eBwOTkgVNifidkAwgX+Kdwuz08DvpmznXqgFIYZjxqxk2nJKzzt2B543ELZjpza3VSxIynDjVVaLGD8QYfC78oG9A8PkqctXTg4p5BfmHUZAhgdJ5nasBITvQ7q0KOo5p8DDWw5sFEfi7qpRAoOw3SsAZNmZ5qQRfa/D48UB2bGgjqAjLREEWyHYhS2VH+TUjT/ik7q6M+w4Q77PX+l8bwzREKC+KO4CkFMxKRYD78l4vYlHwGpiLkvc2TvAZZF+WKKJmANgwHa/AwSKwI9EM7JNt/g3fx5plHGcoQzLpS66WKkK4pHMeP1i2wWyyvMtJAWOy2FAZXemeotjbAC2XU2dfciinfAHxc/CcUQBObEPj8FhVWUZ3w7QDp/C1dp8WkRQgt2l3vqRZGQ+39GlGtf+XRo4xUsDTzZvWQROM11/JQXi7eBjR4bxWPt0e2HXogUA+i1se6F8RX7i52T+NnmCFOgA7ZjLjp/Xebg42dEyoihbphRV98R5gIqUxIgIrrDl8rqny3uoPqj1OHLBFeQ3MhnMcXVjP4XFrcuiyLKsuSDqeolIgXPmEpK6z05qwQcyvTqTZJOOU4x3AHJQ==",
                            "ssh_keys.1": "ssh-ed25519 AAAAC3NzaC1lZDI1NTE5AAAAIE9T91QWFwsIsEuPX14lwMoTZ2VdeQXaGKmOGdgle4yc",
                            "username": "Wynndow"
                        },
                        "meta": {},
                        "tainted": false
                    },
                    "deposed": [],
                    "provider": "provider.github"
                },
                "github_membership.org_membership": {
                    "type": "github_membership",
                    "depends_on": [],
                    "primary": {
                        "id": "alphagov:Wynndow",
                        "attributes": {
                            "etag": "W/\"0f7069d02e07a3dd8c3bf4eeb7abc86d\"",
                            "id": "alphagov:Wynndow",
                            "role": "member",
                            "username": "Wynndow"
                        },
                        "meta": {},
                        "tainted": false
                    },
                    "deposed": [],
                    "provider": "provider.github"
                },
                "github_team_membership.team_membership.0": {
                    "type": "github_team_membership",
                    "depends_on": [],
                    "primary": {
                        "id": "2826122:Wynndow",
                        "attributes": {
                            "etag": "W/\"bc0a5a83e33e897c8537a02bfcb8631b\"",
                            "id": "2826122:Wynndow",
                            "role": "member",
                            "team_id": "2826122",
                            "username": "Wynndow"
                        },
                        "meta": {},
                        "tainted": false
                    },
                    "deposed": [],
                    "provider": "provider.github"
                },
                "github_team_membership.team_membership.1": {
                    "type": "github_team_membership",
                    "depends_on": [],
                    "primary": {
                        "id": "2826121:Wynndow",
                        "attributes": {
                            "etag": "W/\"b6ef65cb5ec90875e4ea1fc4c93b2f0c\"",
                            "id": "2826121:Wynndow",
                            "role": "member",
                            "team_id": "2826121",
                            "username": "Wynndow"
                        },
                        "meta": {},
                        "tainted": false
                    },
                    "deposed": [],
                    "provider": "provider.github"
                },
                "github_team_membership.team_membership.2": {
                    "type": "github_team_membership",
                    "depends_on": [],
                    "primary": {
                        "id": "2826120:Wynndow",
                        "attributes": {
                            "etag": "W/\"aeffe9949108dac7ecb6a37c3559b676\"",
                            "id": "2826120:Wynndow",
                            "role": "member",
                            "team_id": "2826120",
                            "username": "Wynndow"
                        },
                        "meta": {},
                        "tainted": false
                    },
                    "deposed": [],
                    "provider": "provider.github"
                },
                "github_team_membership.team_membership.3": {
                    "type": "github_team_membership",
                    "depends_on": [],
                    "primary": {
                        "id": "2826126:Wynndow",
                        "attributes": {
                            "etag": "W/\"80c006c5d45f515752631f9bc5f380bf\"",
                            "id": "2826126:Wynndow",
                            "role": "member",
                            "team_id": "2826126",
                            "username": "Wynndow"
                        },
                        "meta": {},
                        "tainted": false
                    },
                    "deposed": [],
                    "provider": "provider.github"
                },
                "github_team_membership.team_membership.4": {
                    "type": "github_team_membership",
                    "depends_on": [],
                    "primary": {
                        "id": "2826123:Wynndow",
                        "attributes": {
                            "etag": "W/\"8dce8026369866ce24f04b3d28a5444c\"",
                            "id": "2826123:Wynndow",
                            "role": "member",
                            "team_id": "2826123",
                            "username": "Wynndow"
                        },
                        "meta": {},
                        "tainted": false
                    },
                    "deposed": [],
                    "provider": "provider.github"
                },
                "github_team_membership.team_membership.5": {
                    "type": "github_team_membership",
                    "depends_on": [],
                    "primary": {
                        "id": "2826125:Wynndow",
                        "attributes": {
                            "etag": "W/\"0f2d3308ed87fbf40aaac3a13aacf830\"",
                            "id": "2826125:Wynndow",
                            "role": "member",
                            "team_id": "2826125",
                            "username": "Wynndow"
                        },
                        "meta": {},
                        "tainted": false
                    },
                    "deposed": [],
                    "provider": "provider.github"
                },
                "github_team_membership.team_membership.6": {
                    "type": "github_team_membership",
                    "depends_on": [],
                    "primary": {
                        "id": "2915524:Wynndow",
                        "attributes": {
                            "etag": "W/\"afe79419533a1b265064b9e660a296e6\"",
                            "id": "2915524:Wynndow",
                            "role": "member",
                            "team_id": "2915524",
                            "username": "Wynndow"
                        },
                        "meta": {},
                        "tainted": false
                    },
                    "deposed": [],
                    "provider": "provider.github"
                }
            },
            "depends_on": []
        },
        {
            "path": [
                "root",
                "user_chrisclayson"
            ],
            "outputs": {},
            "resources": {
                "data.github_user.user": {
                    "type": "github_user",
                    "depends_on": [],
                    "primary": {
                        "id": "8633930",
                        "attributes": {
                            "avatar_url": "https://avatars2.githubusercontent.com/u/8633930?v=4",
                            "bio": "",
                            "blog": "",
                            "company": "",
                            "email": "",
                            "followers": "0",
                            "following": "0",
                            "gpg_keys.#": "1",
                            "gpg_keys.0": "xsFNBFlw/BEBEADGlhnu6knL1sXMUbR3uI8vLCdzVDo4csT0gExgbztZrii8d22wfh8SiplB+7swh0exSowT7KmViAAei/hmrsaVChCMoAWwxLIOBo6Q5kYC0jt1kv573OVyAGw3hDXd/qAr8lr/Ho1GvrwSkVWlRHZK3u+9tx3T0/RjXb9y+GLlKu6O4RmT89EBucJaoN/18Zpset9hbQOsm6ZdxidJOr5R7B8LFAzDwNiUZbzj9Me5W3z6F+KUTQh4Rtf5c8bXpDt5Z/APXW57HuHKaf6iY6l/kYyXLGTAk7K0BbKeUbJOhMRC8j52RZSv2hJ3NxAqpf2/q76ZMl8uFH7P9LGp8gk8ZvvooE0u9INW1jV8tG+Ue12GWYVYvSm3tAP9Ykd1OJiee4ut5GjBjDkhh2BqGX0RXuKwycC4rjK2RjxAp5GBUJReHBO3tQ1fHpNYvI0/uxJ4C0I2MF7PZPhCn345Md0ZjO/PS4qplWfQ4htErxkq212fjKVkfxG7R+f+idLPblzbQ+awUvN8mxujCT51fy4xwhnkNRfuAmBfDO395K9KoTDNO7utlqowpVhfpxEUP7HfcfseWPf64qdYijzI1DeNi7QMxUk0mQYgsr8vqevTOFcEPDiV5wFpqDf8SHQCh7kRP2J95Ua2OLeqwcAqO8YmWXfvRjW5XUSci07vprojeQARAQAB",
                            "gravatar_id": "",
                            "id": "8633930",
                            "location": "",
                            "login": "chrisclayson",
                            "name": "",
                            "public_gists": "0",
                            "public_repos": "4",
                            "site_admin": "false",
                            "ssh_keys.#": "3",
                            "ssh_keys.0": "ssh-rsa AAAAB3NzaC1yc2EAAAADAQABAAACAQDJx/NarlUlUSVemgyfK9XC2eaWYRKq9ywfJ3k0mEZ35pXis7tKFb/ERzwMKiXl46VSo7DaFhoCeZZPiIqHa3H2Wmxctug/I+ltb7g5jG7o5Pg941J6vVSO4j0TrebWrBhvnk2jDB/LvVllL9wGHevt5ZJIsI7r3LiJuzOmRZYQjpCPAEdImy0+Wm1uDASHJgi8UadfA6nYtWPRXS9bzqovr6ue287sn0AUlOCV0K+pliliTTsJIEhYsoWKv16qjjg1RIpqfVQllawhW5SGWHOfgXHod1PAXHIqSQff4KivEaEDXvARBgtz3MsRK44Bhs5EmemGZ0svX5wyI5Q9HgK7E23AyG9CYowlV96bMPEV670V9bUQ5WQ3p0rc2SRJbzhwXkLobJIVcRqwKqiwLvrEtjz6jb4ANDDIT77EECWTglr789nVg8dn21QzoSwebyIrBwVv2P+v6x25FBM3rujcNYJ7xt4k2NVevh/Gj0kDZMEoSzv9xLT/s1J+w/igdSvAq+UDM23IYr39K1/vzZS/wO6OOKTYLFqA6/uWlBNZK3SyMxgDdDbnm+4FoMkf9eKkW9+jfH1N8AVU8RlVfKdTtERg7ROzvV3PHPfQCXUZxShjTVyHob2vTYpK28ksTty4R58w8MUfRzzhEGZi3K9hA588/8irb3ZUI2qyS9GhqQ==",
                            "ssh_keys.1": "ssh-rsa AAAAB3NzaC1yc2EAAAABIwAAAgEApHaUnNgOrYXNOZL7sZisJtoTRWgaiT5fcXzreP3gHE33Ch91Bglk4/tWId/joY7h6EdbQTWo4dwXL1PuDVd4+zL364eS5cD3xj3SitnUZXPeZGprh7XAnWKyKgArSXalge1BM6EQZxA+lYJJ22CVN9nMEyJOaD7aS6hqmuDBdFRNLih5ga/hR0XkoVaJ10DCG5Ngt5+8dKymVCcl6aU8eGZMjxO4iN1SAaFkEi174iyiRImF2hT37vX+vo0zkdTQpJA1bbFYWEfnABrW6FQKZ97TpeDdQnQa6lwOQg6TYedD6ZxAC3/3QkG41Bkq4287BAEoGtzbEpeC0ykCIwAzNlFu6GoowwH3aTLc892vEyC7cq+q8yc6AYzsMBZDBC8iEKfkgqRjNILPW7OX9bCJkYYmkiF6gFKq2aYucy0MpxHeVPqcg59YNY7uAMRKmjkVwD3AUSi8p/+Oa9JwMqVBY+tVb1I59ivykal+Rf/WnFjSu2hIGOd4E7NtjRbnDDCdd/O+vw9jfknp7KNMAOC0pF5Oc5exOebJKtQkRYqV4r0GkcKeeB5obEG4kIjAMig6lkbAgWSNzW+AmTSBwf1E1k6yi+AsJG3fHthhNLkAcfTmEJU73H1wFqJMNhirDPL8EkL8nzKrW3LkYuCpdUSF5yJzWy5rZEsWJ4mhtYju7ak=",
                            "ssh_keys.2": "ssh-rsa AAAAB3NzaC1yc2EAAAADAQABAAABAQChDEAYeY4uzTJGDM0xeoGtgMEabzbmz/39qkRXwUT8PpSbBeBLT89Oy7lzMVtQZDFN5mHRodUYj2N2o4hhC+v7ee4Xutvq2fTEOIwO/P+WWErPH3zFst0vaN/NO9xlbSDzZlAyzLzC6HRrIg+N7OmSo6GzKMT53vltEPYsv7BWorbrlUtf+xEgzCTjy1EX+dm2Rl5sraDIdJU8mDbmGDPw+ohcokpIlOHV+t3Vv9LuLASn5+YMsApvLNLFnXJtc9Q6LMMqWM96cl0XUzzanIQIYMAS1OrxmM0ul+WcYbcK8V8mkw6HU5uBpL+6NsAoJJiTXIdWujM1e0Y9OrkH8xMn",
                            "username": "chrisclayson"
                        },
                        "meta": {},
                        "tainted": false
                    },
                    "deposed": [],
                    "provider": "provider.github"
                },
                "github_membership.org_membership": {
                    "type": "github_membership",
                    "depends_on": [],
                    "primary": {
                        "id": "alphagov:chrisclayson",
                        "attributes": {
                            "etag": "W/\"f9ce80d43ba967c6ebf326c29b6079f8\"",
                            "id": "alphagov:chrisclayson",
                            "role": "member",
                            "username": "chrisclayson"
                        },
                        "meta": {},
                        "tainted": false
                    },
                    "deposed": [],
                    "provider": "provider.github"
                },
                "github_team_membership.team_membership.0": {
                    "type": "github_team_membership",
                    "depends_on": [],
                    "primary": {
                        "id": "2826122:chrisclayson",
                        "attributes": {
                            "etag": "W/\"79b0835ec211c7d654263596df06d4bf\"",
                            "id": "2826122:chrisclayson",
                            "role": "member",
                            "team_id": "2826122",
                            "username": "chrisclayson"
                        },
                        "meta": {},
                        "tainted": false
                    },
                    "deposed": [],
                    "provider": "provider.github"
                },
                "github_team_membership.team_membership.1": {
                    "type": "github_team_membership",
                    "depends_on": [],
                    "primary": {
                        "id": "2826123:chrisclayson",
                        "attributes": {
                            "etag": "W/\"a79db77b0fd19d58d118c0fabc85f616\"",
                            "id": "2826123:chrisclayson",
                            "role": "member",
                            "team_id": "2826123",
                            "username": "chrisclayson"
                        },
                        "meta": {},
                        "tainted": false
                    },
                    "deposed": [],
                    "provider": "provider.github"
                },
                "github_team_membership.team_membership.2": {
                    "type": "github_team_membership",
                    "depends_on": [],
                    "primary": {
                        "id": "2826125:chrisclayson",
                        "attributes": {
                            "etag": "W/\"fbe9b749eb67ff68ce454485d0adaaa6\"",
                            "id": "2826125:chrisclayson",
                            "role": "member",
                            "team_id": "2826125",
                            "username": "chrisclayson"
                        },
                        "meta": {},
                        "tainted": false
                    },
                    "deposed": [],
                    "provider": "provider.github"
                },
                "github_team_membership.team_membership.3": {
                    "type": "github_team_membership",
                    "depends_on": [],
                    "primary": {
                        "id": "2915524:chrisclayson",
                        "attributes": {
                            "etag": "W/\"4d4d349108f8a3c788c2d55f0729029e\"",
                            "id": "2915524:chrisclayson",
                            "role": "member",
                            "team_id": "2915524",
                            "username": "chrisclayson"
                        },
                        "meta": {},
                        "tainted": false
                    },
                    "deposed": [],
                    "provider": "provider.github"
                }
            },
            "depends_on": []
        },
        {
            "path": [
                "root",
                "user_chrisholmes"
            ],
            "outputs": {},
            "resources": {
                "data.github_user.user": {
                    "type": "github_user",
                    "depends_on": [],
                    "primary": {
                        "id": "799295",
                        "attributes": {
                            "avatar_url": "https://avatars3.githubusercontent.com/u/799295?v=4",
                            "bio": "",
                            "blog": "",
                            "company": "Government Digital Service",
                            "email": "",
                            "followers": "5",
                            "following": "1",
                            "gpg_keys.#": "0",
                            "gravatar_id": "",
                            "id": "799295",
                            "location": "United Kingdom",
                            "login": "chrisholmes",
                            "name": "Christopher Holmes",
                            "public_gists": "1",
                            "public_repos": "16",
                            "site_admin": "false",
                            "ssh_keys.#": "2",
                            "ssh_keys.0": "ssh-rsa AAAAB3NzaC1yc2EAAAADAQABAAACAQDItlw+DPFCaie3lzPAVjzdbr7ACYxXCutEDEyWPPsWx1bX8DumKW7HqeHFXbW+FxWGXr85VZ2a2PeOONbX2i8dX5WeZnDqWIAdXGcntS5shVQYOK+c2CzMYkUcqzYjPo2j8rO8lln08J4JDEGqbQ5vRPi4WyUfYMfmW1O5J6MyBlCD/qxaUprgdbqEXqv00I9fTAu4oO8JuXkWlLJ6Q5DkayFNlprGHpP/RVuL0k73GDkiq53AiU+j5aFebUxPV49opQdT3kJDAJKuZmI0vyeyq4pi5LepsBO4LLGPBv40wW2N3rQ5fstmhsyZDlA2VVmmIJfV/k7fz2aRIaNJ+UpLf+v28pqX9sbFQYisjPtSJBeSLydcZwf0tW/wocCHJaJNbqrO2Oh8rENWXbowjmfeopnxUnyLoLtXZjAMo8ML/JZuF3yZVfmvqtqNGdQnCFU/608CpWXJzOBhRY/Tn7u0+h2TQu+Nyr8quCSFHCmALR/mGd05zhxWuqAXp6Ra650VnGJfRmzGmyzz2gF0Y95kH3D9KVorIiMXg4H5VtCOefQ1iVH54J3IqqjPZp2jfXc3KQYT+I8RBvS7VbFpUVNBqrGvAcQasF4icnx9qttQbzvXBkFkjCtm7NRgmsRq3YYDfW4FdIOrm+L2CE010fGQHtjqOfqCNH4YL8K72eHN8w==",
                            "ssh_keys.1": "ssh-rsa AAAAB3NzaC1yc2EAAAADAQABAAACAQDw9G2qKEgpGQ8jDjsgAhjWz4eSH1lPn5A0VmeaKzPemQYYuBUu9TD9Dj6IULVn9fLSWMKrfTiV0yTcTCdUEHg/Gm5qol0h6Fd0IFAzfQd36RKtqB55IDfpNoywuNtnUgKezw+cAfbWHi3r1M1tMquh8QasuQbmI59E6RhciVlHDn2IqHzKXU+8LRsO8iJf3Bc0HxxTN1EZ5FGuV9DJMqPSeIQi6TfU12Goejf1mo0KB5NOAoJfsshtcduKSkmtFhcoMVKQIgXAo7UfIFjY+z5M8F68IJIEkHnrDvIE6JHht8hriUosYPh4dbLNCVgdv+VYWDjDqpDXbtJNXLgeOEn90Rf/O7oCEQCQ0ozTAGn+/VDphcT/Z+ksSRTOr9j+Wi5DPiX80SkTNz6Ua9efNlhtUWjcN6jeukFM/qzHRVHw0TDA4VG862kFNXr3UM+QKCbXFFIYt32yNhrF+BZxpcJM+4Sxlaa6rb0JLQV4+YE50naGgmL9UiQc60bhd7RcOjHZfUv5cwws7t3xh8A9PhPN014gA8YvptYo4FWizA0N8KbZlK4RlB3FcxGPnqa9LDOPktY83ek5rqCeF9/eWs8XSJ95SyxJfg49rVEnRA3ON4gprmAVOKExtNCrXC/uyUqnu17vT016tN+QCypEPZYRtpxgPJMvA74OXTwBUAomXQ==",
                            "username": "chrisholmes"
                        },
                        "meta": {},
                        "tainted": false
                    },
                    "deposed": [],
                    "provider": "provider.github"
                },
                "github_membership.org_membership": {
                    "type": "github_membership",
                    "depends_on": [],
                    "primary": {
                        "id": "alphagov:chrisholmes",
                        "attributes": {
                            "etag": "W/\"2d28054ead1ebcd1145e7f1f60bdae98\"",
                            "id": "alphagov:chrisholmes",
                            "role": "admin",
                            "username": "chrisholmes"
                        },
                        "meta": {},
                        "tainted": false
                    },
                    "deposed": [],
                    "provider": "provider.github"
                },
                "github_team_membership.team_membership.0": {
                    "type": "github_team_membership",
                    "depends_on": [],
                    "primary": {
                        "id": "2826122:chrisholmes",
                        "attributes": {
                            "etag": "W/\"f4c60eaab58b1d1127dabee91ab0141f\"",
                            "id": "2826122:chrisholmes",
                            "role": "maintainer",
                            "team_id": "2826122",
                            "username": "chrisholmes"
                        },
                        "meta": {},
                        "tainted": false
                    },
                    "deposed": [],
                    "provider": "provider.github"
                },
                "github_team_membership.team_membership.1": {
                    "type": "github_team_membership",
                    "depends_on": [],
                    "primary": {
                        "id": "2826127:chrisholmes",
                        "attributes": {
                            "etag": "W/\"6eec109e179e6d64a51d341754257946\"",
                            "id": "2826127:chrisholmes",
                            "role": "maintainer",
                            "team_id": "2826127",
                            "username": "chrisholmes"
                        },
                        "meta": {},
                        "tainted": false
                    },
                    "deposed": [],
                    "provider": "provider.github"
                },
                "github_team_membership.team_membership.2": {
                    "type": "github_team_membership",
                    "depends_on": [],
                    "primary": {
                        "id": "2826126:chrisholmes",
                        "attributes": {
                            "etag": "W/\"10463b62f58306dee11117a54f90e832\"",
                            "id": "2826126:chrisholmes",
                            "role": "maintainer",
                            "team_id": "2826126",
                            "username": "chrisholmes"
                        },
                        "meta": {},
                        "tainted": false
                    },
                    "deposed": [],
                    "provider": "provider.github"
                },
                "github_team_membership.team_membership.3": {
                    "type": "github_team_membership",
                    "depends_on": [],
                    "primary": {
                        "id": "2826121:chrisholmes",
                        "attributes": {
                            "etag": "W/\"c336c4ec6867b83fc82f2d576aecab9f\"",
                            "id": "2826121:chrisholmes",
                            "role": "maintainer",
                            "team_id": "2826121",
                            "username": "chrisholmes"
                        },
                        "meta": {},
                        "tainted": false
                    },
                    "deposed": [],
                    "provider": "provider.github"
                },
                "github_team_membership.team_membership.4": {
                    "type": "github_team_membership",
                    "depends_on": [],
                    "primary": {
                        "id": "2826120:chrisholmes",
                        "attributes": {
                            "etag": "W/\"910935f6c5d98e50dd0c8c6bda41adc5\"",
                            "id": "2826120:chrisholmes",
                            "role": "maintainer",
                            "team_id": "2826120",
                            "username": "chrisholmes"
                        },
                        "meta": {},
                        "tainted": false
                    },
                    "deposed": [],
                    "provider": "provider.github"
                },
                "github_team_membership.team_membership.5": {
                    "type": "github_team_membership",
                    "depends_on": [],
                    "primary": {
                        "id": "2826123:chrisholmes",
                        "attributes": {
                            "etag": "W/\"955c7f5cbc89e68c05755260e0eaa86d\"",
                            "id": "2826123:chrisholmes",
                            "role": "maintainer",
                            "team_id": "2826123",
                            "username": "chrisholmes"
                        },
                        "meta": {},
                        "tainted": false
                    },
                    "deposed": [],
                    "provider": "provider.github"
                },
                "github_team_membership.team_membership.6": {
                    "type": "github_team_membership",
                    "depends_on": [],
                    "primary": {
                        "id": "2826125:chrisholmes",
                        "attributes": {
                            "etag": "W/\"0114860da4521ed2a785e75b94179f68\"",
                            "id": "2826125:chrisholmes",
                            "role": "maintainer",
                            "team_id": "2826125",
                            "username": "chrisholmes"
                        },
                        "meta": {},
                        "tainted": false
                    },
                    "deposed": [],
                    "provider": "provider.github"
                },
                "github_team_membership.team_membership.7": {
                    "type": "github_team_membership",
                    "depends_on": [],
                    "primary": {
                        "id": "2915520:chrisholmes",
                        "attributes": {
                            "etag": "W/\"7a3ff07916ca76fdce88115c30959907\"",
                            "id": "2915520:chrisholmes",
                            "role": "maintainer",
                            "team_id": "2915520",
                            "username": "chrisholmes"
                        },
                        "meta": {},
                        "tainted": false
                    },
                    "deposed": [],
                    "provider": "provider.github"
                },
                "github_team_membership.team_membership.8": {
                    "type": "github_team_membership",
                    "depends_on": [],
                    "primary": {
                        "id": "2826124:chrisholmes",
                        "attributes": {
                            "etag": "W/\"54d255b0601737a5c0aba567348ec9e0\"",
                            "id": "2826124:chrisholmes",
                            "role": "maintainer",
                            "team_id": "2826124",
                            "username": "chrisholmes"
                        },
                        "meta": {},
                        "tainted": false
                    },
                    "deposed": [],
                    "provider": "provider.github"
                },
                "github_team_membership.team_membership.9": {
                    "type": "github_team_membership",
                    "depends_on": [],
                    "primary": {
                        "id": "2915524:chrisholmes",
                        "attributes": {
                            "etag": "W/\"9421deaa9df8f83c155ddba4a8aee351\"",
                            "id": "2915524:chrisholmes",
                            "role": "maintainer",
                            "team_id": "2915524",
                            "username": "chrisholmes"
                        },
                        "meta": {},
                        "tainted": false
                    },
                    "deposed": [],
                    "provider": "provider.github"
                }
            },
            "depends_on": []
        },
        {
            "path": [
                "root",
                "user_daniele_occhipinti"
            ],
            "outputs": {},
            "resources": {
                "data.github_user.user": {
                    "type": "github_user",
                    "depends_on": [],
                    "primary": {
                        "id": "22837571",
                        "attributes": {
                            "avatar_url": "https://avatars1.githubusercontent.com/u/22837571?v=4",
                            "bio": "Backend / Fullstack Java Engineer (with devops and some business acumen)",
                            "blog": "http://www.danieleocchipinti.com",
                            "company": "",
                            "email": "",
                            "followers": "1",
                            "following": "0",
                            "gpg_keys.#": "0",
                            "gravatar_id": "",
                            "id": "22837571",
                            "location": "London, UK",
                            "login": "daniele-occhipinti",
                            "name": "Daniele Occhipinti",
                            "public_gists": "0",
                            "public_repos": "11",
                            "site_admin": "false",
                            "ssh_keys.#": "1",
                            "ssh_keys.0": "ssh-rsa AAAAB3NzaC1yc2EAAAADAQABAAACAQCqw5cUt06g8gFL6QFCneCPAY4Eo/DHDx8ubw3VqejKYBnflhP42L+MBgV2wFhwteBaPBeOhf/hgufIiIe2UR6DP8jtUZ4isJxC+2HH7uNUQgrBclNzYkKxreVS2+ob+eHObMMUJO9TmuXgZ0cOOIfXa2nyq0kU5BTC3PAwx1BwZmPNkyQfAc78NLI854H2xIov0L6Z3ra6PQN1y0qZy0idJwL6H8+uPNMe70Nwmv0dawnW7iB7GPUMKpdY8bc5Ym1DB4/A+z5f+UeWhKFVUrFfyAvzTdKIVpZUGOgvMM3tbtRbNMZ5kcyECLiIXd1Buv7QcvAcI1K+0mP29pUnLvB1TKfXouz9r7zfq51hyzFTaqJMgf92PKe8sw84zbmu7R2B+RfxKPEoTw4LTi98IqrKt+QBxufdrnc9FRy2UyMnvtWEtc/YXKfBQrGZGTKZWyRJJvWwqZ27cBS8Q98nW5DIA8bkdh+GlIfiDJWh3oDanJnYaC8avC1wUjjRtYTK8VMD1sm2ogPny7boI7P/O5h6zfv0/v0bdcAGqP+nqg4Bl0eSuEVDdXJ+F5L6hoQKrmIf/XvMKortlcDocQ7DzSdbfY9iPm5ALAwrimeR/JPMTAa+ibw08pjtXg38bsw1YpchEg8m+8av7tQmbQb+LimTT0cfrZ1PKDYiwUQu9PpNQw==",
                            "username": "daniele-occhipinti"
                        },
                        "meta": {},
                        "tainted": false
                    },
                    "deposed": [],
                    "provider": "provider.github"
                },
                "github_membership.org_membership": {
                    "type": "github_membership",
                    "depends_on": [],
                    "primary": {
                        "id": "alphagov:daniele-occhipinti",
                        "attributes": {
                            "etag": "W/\"779d598ea334b41deb73926d55509717\"",
                            "id": "alphagov:daniele-occhipinti",
                            "role": "member",
                            "username": "daniele-occhipinti"
                        },
                        "meta": {},
                        "tainted": false
                    },
                    "deposed": [],
                    "provider": "provider.github"
                },
                "github_team_membership.team_membership.0": {
                    "type": "github_team_membership",
                    "depends_on": [],
                    "primary": {
                        "id": "2826122:daniele-occhipinti",
                        "attributes": {
                            "etag": "W/\"bc635db6a0a486eb98d69bef38b9f1f0\"",
                            "id": "2826122:daniele-occhipinti",
                            "role": "member",
                            "team_id": "2826122",
                            "username": "daniele-occhipinti"
                        },
                        "meta": {},
                        "tainted": false
                    },
                    "deposed": [],
                    "provider": "provider.github"
                },
                "github_team_membership.team_membership.1": {
                    "type": "github_team_membership",
                    "depends_on": [],
                    "primary": {
                        "id": "2826123:daniele-occhipinti",
                        "attributes": {
                            "etag": "W/\"4c30e670c3809716499e7974e2906e7f\"",
                            "id": "2826123:daniele-occhipinti",
                            "role": "member",
                            "team_id": "2826123",
                            "username": "daniele-occhipinti"
                        },
                        "meta": {},
                        "tainted": false
                    },
                    "deposed": [],
                    "provider": "provider.github"
                },
                "github_team_membership.team_membership.2": {
                    "type": "github_team_membership",
                    "depends_on": [],
                    "primary": {
                        "id": "2826125:daniele-occhipinti",
                        "attributes": {
                            "etag": "W/\"bca01bacdf13763ba31668bac0891831\"",
                            "id": "2826125:daniele-occhipinti",
                            "role": "member",
                            "team_id": "2826125",
                            "username": "daniele-occhipinti"
                        },
                        "meta": {},
                        "tainted": false
                    },
                    "deposed": [],
                    "provider": "provider.github"
                },
                "github_team_membership.team_membership.3": {
                    "type": "github_team_membership",
                    "depends_on": [],
                    "primary": {
                        "id": "2915524:daniele-occhipinti",
                        "attributes": {
                            "etag": "W/\"5dc4d4a3c921086f7d0488243e2fcb4f\"",
                            "id": "2915524:daniele-occhipinti",
                            "role": "member",
                            "team_id": "2915524",
                            "username": "daniele-occhipinti"
                        },
                        "meta": {},
                        "tainted": false
                    },
                    "deposed": [],
                    "provider": "provider.github"
                }
            },
            "depends_on": []
        },
        {
            "path": [
                "root",
                "user_dbes_gds"
            ],
            "outputs": {},
            "resources": {
                "data.github_user.user": {
                    "type": "github_user",
                    "depends_on": [],
                    "primary": {
                        "id": "38218115",
                        "attributes": {
                            "avatar_url": "https://avatars3.githubusercontent.com/u/38218115?v=4",
                            "bio": "",
                            "blog": "",
                            "company": "",
                            "email": "",
                            "followers": "0",
                            "following": "0",
                            "gpg_keys.#": "0",
                            "gravatar_id": "",
                            "id": "38218115",
                            "location": "",
                            "login": "dbes-gds",
                            "name": "",
                            "public_gists": "0",
                            "public_repos": "0",
                            "site_admin": "false",
                            "ssh_keys.#": "2",
                            "ssh_keys.0": "ssh-rsa AAAAB3NzaC1yc2EAAAADAQABAAABAQCXvO4H+ZYJ9ssfXes4CXIQTiNJpUHC7xkUsJhhc86+ri9ubocShb+ADvrCNStJ86yqWIFEMEdJw+GK0JVtFOEm6d0CqAvB5Nd/dmQDi0ZmxexEm0ey8YusiEmQeSRk6i42HKVhQJwKwUpZ35QaC9oTdDxH6psphJCQKz4TEa147LslB+sp9N08uNRHI69OPLMpdAg+oyjrada5FiUaiQYI0mXwXduLKM6KFF3FBlu5hKFYOHSkcTYPL3H1/DS/5eQ/HSt3X/NugUUnPx+mLusO66J6bDhssudnJGVGPiXNN6xMDVBU4tnXkBJLeulyGXj5FQASDh3yul2HRunejaGT",
                            "ssh_keys.1": "ssh-rsa AAAAB3NzaC1yc2EAAAADAQABAAABAQC1WrheCGMefhRY0dlye55MI8p361QtWccoKZI7hPXG/Q0aYnM2N0g2Gp24hQJWZ9qYh9W+8GoA7ulNNRSnHhgwTZBneBbGEgx8VgZDGZNWv6x4INWj6uNFPhkd3eccx4vzl0XgFXICt13h1GLvHeF4ICL2flGnKpS6WmGi4DE72T2i4U+fTlUqbi4F4FcT/XXtvEfiK5n8bPZJaSl8hTDAr/ZOhV3qeE0922hhd0LQpbzIaaGXxocbbwG4I2RKTV8Vk9Fo0bWmGxsfhiXrdPhoCh8S0gLipzRtGN43OBc2PTtOrV982yXjn87gwQm8/vPbahwQgN9uYUf8HGZM9r5d",
                            "username": "dbes-gds"
                        },
                        "meta": {},
                        "tainted": false
                    },
                    "deposed": [],
                    "provider": "provider.github"
                },
                "github_membership.org_membership": {
                    "type": "github_membership",
                    "depends_on": [],
                    "primary": {
                        "id": "alphagov:dbes-gds",
                        "attributes": {
                            "etag": "W/\"663435a0c0e2df9ee2942d658e37db4b\"",
                            "id": "alphagov:dbes-gds",
                            "role": "member",
                            "username": "dbes-gds"
                        },
                        "meta": {},
                        "tainted": false
                    },
                    "deposed": [],
                    "provider": "provider.github"
                },
                "github_team_membership.team_membership.0": {
                    "type": "github_team_membership",
                    "depends_on": [],
                    "primary": {
                        "id": "2826122:dbes-gds",
                        "attributes": {
                            "etag": "W/\"eae1092c5b2b28603ea9ba8949aa606e\"",
                            "id": "2826122:dbes-gds",
                            "role": "member",
                            "team_id": "2826122",
                            "username": "dbes-gds"
                        },
                        "meta": {},
                        "tainted": false
                    },
                    "deposed": [],
                    "provider": "provider.github"
                },
                "github_team_membership.team_membership.1": {
                    "type": "github_team_membership",
                    "depends_on": [],
                    "primary": {
                        "id": "2826121:dbes-gds",
                        "attributes": {
                            "etag": "W/\"dbc09f6fd98dc27b1e7444ed791878d4\"",
                            "id": "2826121:dbes-gds",
                            "role": "member",
                            "team_id": "2826121",
                            "username": "dbes-gds"
                        },
                        "meta": {},
                        "tainted": false
                    },
                    "deposed": [],
                    "provider": "provider.github"
                },
                "github_team_membership.team_membership.2": {
                    "type": "github_team_membership",
                    "depends_on": [],
                    "primary": {
                        "id": "2826120:dbes-gds",
                        "attributes": {
                            "etag": "W/\"0162fcf68174746ad27bcf2d94e1deb7\"",
                            "id": "2826120:dbes-gds",
                            "role": "member",
                            "team_id": "2826120",
                            "username": "dbes-gds"
                        },
                        "meta": {},
                        "tainted": false
                    },
                    "deposed": [],
                    "provider": "provider.github"
                },
                "github_team_membership.team_membership.3": {
                    "type": "github_team_membership",
                    "depends_on": [],
                    "primary": {
                        "id": "2826126:dbes-gds",
                        "attributes": {
                            "etag": "W/\"1c00d6cbb1befe5a8c465c98af0eb4c8\"",
                            "id": "2826126:dbes-gds",
                            "role": "member",
                            "team_id": "2826126",
                            "username": "dbes-gds"
                        },
                        "meta": {},
                        "tainted": false
                    },
                    "deposed": [],
                    "provider": "provider.github"
                },
                "github_team_membership.team_membership.4": {
                    "type": "github_team_membership",
                    "depends_on": [],
                    "primary": {
                        "id": "2826123:dbes-gds",
                        "attributes": {
                            "etag": "W/\"ea5e5f0568962b24af4a95844400e9e5\"",
                            "id": "2826123:dbes-gds",
                            "role": "member",
                            "team_id": "2826123",
                            "username": "dbes-gds"
                        },
                        "meta": {},
                        "tainted": false
                    },
                    "deposed": [],
                    "provider": "provider.github"
                },
                "github_team_membership.team_membership.5": {
                    "type": "github_team_membership",
                    "depends_on": [],
                    "primary": {
                        "id": "2826125:dbes-gds",
                        "attributes": {
                            "etag": "W/\"e6f1639a7b63715209fcf447d8b7a48e\"",
                            "id": "2826125:dbes-gds",
                            "role": "member",
                            "team_id": "2826125",
                            "username": "dbes-gds"
                        },
                        "meta": {},
                        "tainted": false
                    },
                    "deposed": [],
                    "provider": "provider.github"
                },
                "github_team_membership.team_membership.6": {
                    "type": "github_team_membership",
                    "depends_on": [],
                    "primary": {
                        "id": "2915524:dbes-gds",
                        "attributes": {
                            "etag": "W/\"5fa72af2f57152f58429b335cfeb544a\"",
                            "id": "2915524:dbes-gds",
                            "role": "member",
                            "team_id": "2915524",
                            "username": "dbes-gds"
                        },
                        "meta": {},
                        "tainted": false
                    },
                    "deposed": [],
                    "provider": "provider.github"
                }
            },
            "depends_on": []
        },
        {
            "path": [
                "root",
                "user_dougneal"
            ],
            "outputs": {},
            "resources": {
                "data.github_user.user": {
                    "type": "github_user",
                    "depends_on": [],
                    "primary": {
                        "id": "5365648",
                        "attributes": {
                            "avatar_url": "https://avatars1.githubusercontent.com/u/5365648?v=4",
                            "bio": "",
                            "blog": "",
                            "company": "DGN Technology Services",
                            "email": "",
                            "followers": "4",
                            "following": "5",
                            "gpg_keys.#": "2",
                            "gpg_keys.0": "xsFNBFciENMBEADNkAYDPXAEGzimNzzjf8ilVNSyzlsKmevGdOogpk/sGeKPFFqifj5bd160N1SyKNp7wInp5qK41gWvTUPhVT5Zbf+FRWF9+aJLyNKXUs+V8h3j2+fnYBGNHvhPq9HILYBZIE5Cti8YuIokzp/ZZV0ahj6xy7elcs+rm8D7BJvtPZc9bEZELu24rRkQOXsY6gBpyEzcgPM27dGX//85somFKe4EouqoTI/ADDSvRvaDZmo4Z5sfdcQFrTALKyHLs8vGI9hpjSD+DpSOcOrXuEndllLJtxYJWsnoSqxOmOKSnfua4ANBYrmHPItemdt0aTte5TXuUESq9JTs1ExXuyfpgoqG1K1bo57Mv9fkLZZfts3EJUGjX/ob8x4aIkCr/qgjXsJ2Lgf1GDDQFQIWmAMh+HI9kJnEqDhRtaL7JYucHXKAlkB8UqFJe5ThKB3muzb4vjycBS4tQqmNhqsEe3WD0PZveUBMfPG+TAnJaVxBHH76FpHi5q6m4oCenXvIiFnIV1anyzlIOQHUHixMvWlJcHOejXTCilB2wtdTzlNxuDhPlsVbL3/mZbXv9OSuEYe9q//bJlw34CCTwHO/XVawBKnGMF8dJiNqqaEv8QvtHobNiqbTA5mMaohJZSPSlgbvipS7MFESysOjJWWSYNxdlIMPT4iXMkyTQHLIyf++hwARAQAB",
                            "gpg_keys.1": "xsFNBFqg+v8BEACnbZyuyJvuSssj+wSUWQtnyalXZtLi/OsmXRNXrwoT+/ltpPDE9lEyBvRcdqS56nU/KGsO/9XYmx2FZ2XCqHYCNB7C+t2HQPVhNzgtK4AokLmirV79SgxE0tYVPJMXafwN4YNJ6lqYSItsB9PKbalGBsml6l7iYISJbJdQIbyDeNj/oum0h95LVCJOIoCuNn24dXkJWOYNXTLQLhg+khcVoNej4VytP3FiGoAXB9eTy5HG3r8AVEk5CsHpDSbTi9czC8MpVsn3m6def8ekxBCs7eS3iRkSu2+Q+w5ZmnGk5MvhO3ls5+sUD3LYWc/4NuSWe+irKdRuqpf7ip2q3aUCCEs3mKY6GQH0GCqpjeIfiQKj6ZSDOPCoCGFHby12zCQzxHVbzfDgxlgmtFm4MGQtY13Mzmty76Ii6l8meDjqBhoMR+drrVXvrNfiKTu6JOzy7k7J+uKBvdbHJZGNAp68/WBDzIkZ7hsQnkxiirIASTd8ZuE/qq21YXhv+b04vWUJeFNIAnh1IommOb8Ly0DGf5t2wobNLm1dLDbztq0yIQ+oCen7WlX0vo3xRYy0nRJScOov6YFqBFeUX1Kiy3lyq8WuueDi4A9gHGKq50LRC6n+fiCgT508o3h6/LLVGOV55FMzUZsBRUHbET4M8CIMt4MQKDHsQ5jMKUBfcAzqEQARAQAB",
                            "gravatar_id": "",
                            "id": "5365648",
                            "location": "London, UK",
                            "login": "dougneal",
                            "name": "Doug Neal",
                            "public_gists": "10",
                            "public_repos": "36",
                            "site_admin": "false",
                            "ssh_keys.#": "3",
                            "ssh_keys.0": "ssh-rsa AAAAB3NzaC1yc2EAAAADAQABAAABAQDXwBwaFd58xWmAoAzzT98PUvOI4KFPn4lWUPko94tf2r50xXEn330Nyw1UX1c0G8o+UK0iGyDOgqAi7MEzZ6qhknRYAzaBTzyc0VBkJ0kblnVZLv0FIFtsUILz+7mnH/hNkBmTx3g+RT4sqIAv3rPe5QAF4wbUwi2d41H4Hm/trEpBCZr7rOQzMp01Umk+2oC1RqemRJEi4/qTvZnvzLMvHTe0oXb5Nl0OtWCl1yHo26yrWbW0hK/34Eyo63oiG3ujEcP2Ko6+oNeFgwVB9oIK1A8OT4KijeHcyW3Z3DCejOBar868+AgM5fjXyLq6eNB10Ki03ug9iTmjOHqVwPxR",
                            "ssh_keys.1": "ssh-rsa AAAAB3NzaC1yc2EAAAADAQABAAABAQDGbNa2W5zmSLCof7JWe1c7916XGeu6c3hKhHqLLoAfuKqczRlYUJGFcoFBMpGvLPPPlwuKyeuE/qx/HtCv8a4wefkxawdA79bUVAim7ZUFY2T7fPydeVnKTtT42JI0V/YE1y7QWmpQCe8Ffk+fWy+795xE0UTiQlU8A++sCgzK3WKyI2IjSSNfo4IRIDmbSkJLL7WA46Dir/NMc9SSgJi6pGKh6CeqAXWT/mXnxIIWpD7/O12jrZsGp18Nqty0oyvX5pR9Tnb+1gf7DPxYgT2ouyW4if81ouTGPoPLPAeqNjAJDeSLLqC1y8RfMGYIUCz6PbGliw/qqQvMxLu3e1nP",
                            "ssh_keys.2": "ssh-rsa AAAAB3NzaC1yc2EAAAADAQABAAACAQDMG8dzhQa9n7lEGB7mJ/rU/5JzVoXgxhhUUcouOCcsfzCRS2LtevSCs/B8EgbJC5aHKh4YHx+/iDo1MBi/u6rMV8b6SeCvPW/M5MVgeBPqrzApLaeHyhl3gC9Y+o3Ukjb6x3YZavKVcLcmQXnxvf/h6Qe8xTl+C1gleGnlXA+U2OnNUyIUMhkUXKsoYV9ChSIp8/c7rwhpVUEDJWvmMg0y2lxdygTNBJkF4bHwn8fdRx0u8CNCXDvw8WjqTNZc/gEhCONEGbqTgRHGXOtlpZStUR/pzoYTXNikgxToPKjm9Xw5MKHSYtjfE5PcjPv6cJi+n6sxdPnmqNEfK39GYjfs2WVY8ZKDTau2gvi4pMtx3yr9ndDXlXTnRrC/SHlUUZK76H2Px6n5nyjF1Cqy/DHv8cmvFScS5GirLSrOHJVFDztLcxu6vzzrsZrx+9fs+scD14JfJN8MeqzTQImt2anm3V9aMUucMer070Nk/E8WH9dMgYaOL4G3CAa46HFhCViwzQWyofmUUKQbqruszV1yTTAIfYVWuNpNyzZsFypGy2mdy5oI7OzClnE6F6LhaRiQg4TcyzxW3VsfgPkSbq3XIEpgaGBd5eMf24iweEaKPQCqTnGOhs6AHPCdhhefuAoLBhmf9TgAeWtrvDk97yXZVWvY5zDwWAuEnkglLqMy6w==",
                            "username": "dougneal"
                        },
                        "meta": {},
                        "tainted": false
                    },
                    "deposed": [],
                    "provider": "provider.github"
                },
                "github_membership.org_membership": {
                    "type": "github_membership",
                    "depends_on": [],
                    "primary": {
                        "id": "alphagov:dougneal",
                        "attributes": {
                            "etag": "W/\"7545608fa68bad71de4f7f1c62506bdd\"",
                            "id": "alphagov:dougneal",
                            "role": "member",
                            "username": "dougneal"
                        },
                        "meta": {},
                        "tainted": false
                    },
                    "deposed": [],
                    "provider": "provider.github"
                },
                "github_team_membership.team_membership.0": {
                    "type": "github_team_membership",
                    "depends_on": [],
                    "primary": {
                        "id": "2826127:dougneal",
                        "attributes": {
                            "etag": "W/\"c262d6f5eab8ebaee5c94edcbf3ad237\"",
                            "id": "2826127:dougneal",
                            "role": "member",
                            "team_id": "2826127",
                            "username": "dougneal"
                        },
                        "meta": {},
                        "tainted": false
                    },
                    "deposed": [],
                    "provider": "provider.github"
                },
                "github_team_membership.team_membership.1": {
                    "type": "github_team_membership",
                    "depends_on": [],
                    "primary": {
                        "id": "2826126:dougneal",
                        "attributes": {
                            "etag": "W/\"595f11328afdb330704204671d6f51a2\"",
                            "id": "2826126:dougneal",
                            "role": "member",
                            "team_id": "2826126",
                            "username": "dougneal"
                        },
                        "meta": {},
                        "tainted": false
                    },
                    "deposed": [],
                    "provider": "provider.github"
                },
                "github_team_membership.team_membership.2": {
                    "type": "github_team_membership",
                    "depends_on": [],
                    "primary": {
                        "id": "2826120:dougneal",
                        "attributes": {
                            "etag": "W/\"08ad2c17f5e107ed7ff4faad157bedf6\"",
                            "id": "2826120:dougneal",
                            "role": "member",
                            "team_id": "2826120",
                            "username": "dougneal"
                        },
                        "meta": {},
                        "tainted": false
                    },
                    "deposed": [],
                    "provider": "provider.github"
                },
                "github_team_membership.team_membership.3": {
                    "type": "github_team_membership",
                    "depends_on": [],
                    "primary": {
                        "id": "2826125:dougneal",
                        "attributes": {
                            "etag": "W/\"40ba95efaca2086a0cd6db28bea3f4f0\"",
                            "id": "2826125:dougneal",
                            "role": "member",
                            "team_id": "2826125",
                            "username": "dougneal"
                        },
                        "meta": {},
                        "tainted": false
                    },
                    "deposed": [],
                    "provider": "provider.github"
                },
                "github_team_membership.team_membership.4": {
                    "type": "github_team_membership",
                    "depends_on": [],
                    "primary": {
                        "id": "2915524:dougneal",
                        "attributes": {
                            "etag": "W/\"c725e106f66ab7cf0df5e66c3d3e366e\"",
                            "id": "2915524:dougneal",
                            "role": "member",
                            "team_id": "2915524",
                            "username": "dougneal"
                        },
                        "meta": {},
                        "tainted": false
                    },
                    "deposed": [],
                    "provider": "provider.github"
                }
            },
            "depends_on": []
        },
        {
            "path": [
                "root",
                "user_ejrowley"
            ],
            "outputs": {},
            "resources": {
                "data.github_user.user": {
                    "type": "github_user",
                    "depends_on": [],
                    "primary": {
                        "id": "670851",
                        "attributes": {
                            "avatar_url": "https://avatars1.githubusercontent.com/u/670851?v=4",
                            "bio": "",
                            "blog": "",
                            "company": "",
                            "email": "",
                            "followers": "9",
                            "following": "1",
                            "gpg_keys.#": "0",
                            "gravatar_id": "",
                            "id": "670851",
                            "location": "",
                            "login": "ejrowley",
                            "name": "Ed Rowley",
                            "public_gists": "7",
                            "public_repos": "13",
                            "site_admin": "false",
                            "ssh_keys.#": "3",
                            "ssh_keys.0": "ssh-rsa AAAAB3NzaC1yc2EAAAABJQAAAIBsv2EE4cukSXM+gxAv1NzBZxpipSLHRrJM8iU9/DHJPoKNvu7qyg5040IFZTJHfiEJpkEX6sDRNeQ9FFWkJ5TAX8KbWsGtrdIsnLupXkv0vxXhoU9i7/OTq+/aQ7rdGPzaHXyXTZ4jFEAh0QoRF1w2dCJzM7dijok/JMDRck6usQ==",
                            "ssh_keys.1": "ssh-rsa AAAAB3NzaC1yc2EAAAADAQABAAACAQCcNeuC11Mb+Z7Zqz3FKegejx/tkoGSFoZM4+t2eD5xBd4qEvqReasHxta0c3rSf0bgNAWtK9iMjpBYEQjkDK6L5a5yKpID7NVBsvaqwB8CLlaN+CV+jQp8jb+ZSWG0A63EW+epfDfJ1MaazRZ2NaupAHs+RY34KXBY4fHHjEQOuK+nCTw6ocREbglF4aaVI+5inmpRSExJfgq/9SOcIptAGHO+6ayZA/YXXZRlTKYjQonO58oTlZY14fJOAQZKOYPuuCWUvBoj5aKr3c9NcjOJJlz+/BV/rmj50Vb9DvveoeOinnvRBg9nNqCBdndWLwhzfp7W0O780Lp1B3Lb+YY/iuq5W8s/WPY2lYFeech5UqBeka9LncZUEbPdqwxGDI+/d10f2bsg53n0V565KnNpgIJ7Gl9/B5M0JF+32TGCfuWi1jjkebCPhurMYn7A2bzStxDgI1UIMR1HDXSUSLUBq3HGtcv9YFK575Fov1aucJaxdZCz4IQSQzFeqkKiP0uUrE9Omtwn5+lcw6YGbII4P1E5nU65lhGN7L+0DRjI9f7J6en+lpbum1xQJ8ePZwdatAfyOWJ3PS4F224+TxXkAAQlfxbkUNq7oK+qp31B7r4sOEH1sb66LlLcjrRCUMI6zMz/HQ+wxQhxDn5kJQ2y3t7CYXkt+jxb4epj+fVZ6Q==",
                            "ssh_keys.2": "ssh-rsa AAAAB3NzaC1yc2EAAAADAQABAAACAQC9Fc+wCIfXuAoKSCAhdznlOTNYOofiHwdRtPD5uRv9vU+RbtOioQwFmLcT0K7lZE6jK2DdJ14WpHHqh5dv1oSZ1i053f9Co+y+skGPABRRL1AioNy49YFO3teamtxs0w24gWzXJ9am+ITaFEyq8ZoNdR70xE//u0SIlrm/ULtY38ySDYJd+pXD+SieTqf8bqL8pvN1k2M+gBt2YNMazekBi3X0N0DoGisr4RlguyRcQq0L4B0D0quZTADs2Hp8Yk5Iwi0uyJkOx9jYmg65MEnggW4N/y4cer+v5WTzhG+w98ZQjMww2kzG0B26c0apXPpVG/88FU/uPUVWvBAWsBcIc6L/SZSCgtuses7fiF1i5XighOtN69V40zCAnnDK8ms5ckApGHEubfPTUmXyjtTtjdYjyLiwXkVwmBjvCrqX7VypPyJN1rPpe08avdgfdTvxifs3n72ln7Cm2FfMdhCjqbjjQIaeEkB+JebLvblaLpFRHR0t/xpLqT18YlQcwcYiikaiwathEwMiXObktshiRWQulOk2hdSXepYU02O7U1NOJo6VyQzWSwOojN1YTY3lfD50FMhjCs8sxNsdf805ShieS6l1s1Qr9LdaYBrQN6ywP/9AL6qn3LvBunNcZcgKV3Q6ilxWZS398KDagfKeU33iGpkD6qhYtSSOVKcV4w==",
                            "username": "ejrowley"
                        },
                        "meta": {},
                        "tainted": false
                    },
                    "deposed": [],
                    "provider": "provider.github"
                },
                "github_membership.org_membership": {
                    "type": "github_membership",
                    "depends_on": [],
                    "primary": {
                        "id": "alphagov:ejrowley",
                        "attributes": {
                            "etag": "W/\"938c289943fd4abdbebed2af99e419fa\"",
                            "id": "alphagov:ejrowley",
                            "role": "member",
                            "username": "ejrowley"
                        },
                        "meta": {},
                        "tainted": false
                    },
                    "deposed": [],
                    "provider": "provider.github"
                },
                "github_team_membership.team_membership.0": {
                    "type": "github_team_membership",
                    "depends_on": [],
                    "primary": {
                        "id": "2826127:ejrowley",
                        "attributes": {
                            "etag": "W/\"bf1a43f5516b96bc03252dbcd2a028e7\"",
                            "id": "2826127:ejrowley",
                            "role": "member",
                            "team_id": "2826127",
                            "username": "ejrowley"
                        },
                        "meta": {},
                        "tainted": false
                    },
                    "deposed": [],
                    "provider": "provider.github"
                },
                "github_team_membership.team_membership.1": {
                    "type": "github_team_membership",
                    "depends_on": [],
                    "primary": {
                        "id": "2826126:ejrowley",
                        "attributes": {
                            "etag": "W/\"0fb66f3097cff430a3899e400d302f97\"",
                            "id": "2826126:ejrowley",
                            "role": "member",
                            "team_id": "2826126",
                            "username": "ejrowley"
                        },
                        "meta": {},
                        "tainted": false
                    },
                    "deposed": [],
                    "provider": "provider.github"
                },
                "github_team_membership.team_membership.2": {
                    "type": "github_team_membership",
                    "depends_on": [],
                    "primary": {
                        "id": "2826120:ejrowley",
                        "attributes": {
                            "etag": "W/\"221960cceece637f7af161f86d5557d4\"",
                            "id": "2826120:ejrowley",
                            "role": "member",
                            "team_id": "2826120",
                            "username": "ejrowley"
                        },
                        "meta": {},
                        "tainted": false
                    },
                    "deposed": [],
                    "provider": "provider.github"
                },
                "github_team_membership.team_membership.3": {
                    "type": "github_team_membership",
                    "depends_on": [],
                    "primary": {
                        "id": "2826125:ejrowley",
                        "attributes": {
                            "etag": "W/\"affbf3d7b0b9f84116f94b36dc2576b6\"",
                            "id": "2826125:ejrowley",
                            "role": "member",
                            "team_id": "2826125",
                            "username": "ejrowley"
                        },
                        "meta": {},
                        "tainted": false
                    },
                    "deposed": [],
                    "provider": "provider.github"
                },
                "github_team_membership.team_membership.4": {
                    "type": "github_team_membership",
                    "depends_on": [],
                    "primary": {
                        "id": "2915524:ejrowley",
                        "attributes": {
                            "etag": "W/\"ddf74ac5f131269bf98a822515c97f4c\"",
                            "id": "2915524:ejrowley",
                            "role": "member",
                            "team_id": "2915524",
                            "username": "ejrowley"
                        },
                        "meta": {},
                        "tainted": false
                    },
                    "deposed": [],
                    "provider": "provider.github"
                }
            },
            "depends_on": []
        },
        {
            "path": [
                "root",
                "user_galund"
            ],
            "outputs": {},
            "resources": {
                "data.github_user.user": {
                    "type": "github_user",
                    "depends_on": [],
                    "primary": {
                        "id": "190828",
                        "attributes": {
                            "avatar_url": "https://avatars3.githubusercontent.com/u/190828?v=4",
                            "bio": "",
                            "blog": "http://www.georgelund.me.uk/",
                            "company": "",
                            "email": "github@georgelund.me.uk",
                            "followers": "2",
                            "following": "1",
                            "gpg_keys.#": "0",
                            "gravatar_id": "",
                            "id": "190828",
                            "location": "",
                            "login": "galund",
                            "name": "George Lund",
                            "public_gists": "1",
                            "public_repos": "8",
                            "site_admin": "false",
                            "ssh_keys.#": "3",
                            "ssh_keys.0": "ssh-ed25519 AAAAC3NzaC1lZDI1NTE5AAAAIBVkVtAQOSj3uO2LixVkKYNV5UcoONF6a1+S5e16o4yL",
                            "ssh_keys.1": "ssh-rsa AAAAB3NzaC1yc2EAAAADAQABAAABAQCcf7L2SVaSsKqBprKFrdrG4TZDrHru1LYn6mx7xLbjbl1AL/lltrP8JTySVNOlem2C6Xqq184op57i3eYAjD4FAx4TmuzN7rOXMJovURmba9StE1WnwrAeT3fCoEz55azi+HL2VenseotAu+K3VlIi2rF/wCS4kY4QYBdMK4NbgdvuGEg/w8QiH6ViZbRV7fR97o/6Axx4jz09HorC9CE2seZs+i0bLNfUQe5m5rKpN2dSsnA62PERhDRKNzr4282JnhptlQsdvw0116AXkZFd7adf1ZMs9lIOVIUSyHC+RetHLu1CZ4MHrdS23qWOQlIXO+8gL3WLVz2ujPftcJVp",
                            "ssh_keys.2": "ssh-ed25519 AAAAC3NzaC1lZDI1NTE5AAAAIHIzjIMOIkAOUIJ1wnFnVCogzCHTUivQEUE/4m3tfnqE",
                            "username": "galund"
                        },
                        "meta": {},
                        "tainted": false
                    },
                    "deposed": [],
                    "provider": "provider.github"
                },
                "github_membership.org_membership": {
                    "type": "github_membership",
                    "depends_on": [],
                    "primary": {
                        "id": "alphagov:galund",
                        "attributes": {
                            "etag": "W/\"1d42ac81d8d605218f6c17538b764472\"",
                            "id": "alphagov:galund",
                            "role": "member",
                            "username": "galund"
                        },
                        "meta": {},
                        "tainted": false
                    },
                    "deposed": [],
                    "provider": "provider.github"
                },
                "github_team_membership.team_membership.0": {
                    "type": "github_team_membership",
                    "depends_on": [],
                    "primary": {
                        "id": "2826122:galund",
                        "attributes": {
                            "etag": "W/\"fe7d1a919abb510c188b7801b7a4e4b8\"",
                            "id": "2826122:galund",
                            "role": "member",
                            "team_id": "2826122",
                            "username": "galund"
                        },
                        "meta": {},
                        "tainted": false
                    },
                    "deposed": [],
                    "provider": "provider.github"
                },
                "github_team_membership.team_membership.1": {
                    "type": "github_team_membership",
                    "depends_on": [],
                    "primary": {
                        "id": "2826127:galund",
                        "attributes": {
                            "etag": "W/\"e73ca86e66bac53459f8d1bc44f7be66\"",
                            "id": "2826127:galund",
                            "role": "member",
                            "team_id": "2826127",
                            "username": "galund"
                        },
                        "meta": {},
                        "tainted": false
                    },
                    "deposed": [],
                    "provider": "provider.github"
                },
                "github_team_membership.team_membership.2": {
                    "type": "github_team_membership",
                    "depends_on": [],
                    "primary": {
                        "id": "2826126:galund",
                        "attributes": {
                            "etag": "W/\"78d96f8143572f13c84bfdd8c5aa6ab8\"",
                            "id": "2826126:galund",
                            "role": "member",
                            "team_id": "2826126",
                            "username": "galund"
                        },
                        "meta": {},
                        "tainted": false
                    },
                    "deposed": [],
                    "provider": "provider.github"
                },
                "github_team_membership.team_membership.3": {
                    "type": "github_team_membership",
                    "depends_on": [],
                    "primary": {
                        "id": "2826123:galund",
                        "attributes": {
                            "etag": "W/\"06f20cc993c1dac686799b015b8767b1\"",
                            "id": "2826123:galund",
                            "role": "member",
                            "team_id": "2826123",
                            "username": "galund"
                        },
                        "meta": {},
                        "tainted": false
                    },
                    "deposed": [],
                    "provider": "provider.github"
                },
                "github_team_membership.team_membership.4": {
                    "type": "github_team_membership",
                    "depends_on": [],
                    "primary": {
                        "id": "2826125:galund",
                        "attributes": {
                            "etag": "W/\"9efab679d60fc79c38fb8f86619c5861\"",
                            "id": "2826125:galund",
                            "role": "member",
                            "team_id": "2826125",
                            "username": "galund"
                        },
                        "meta": {},
                        "tainted": false
                    },
                    "deposed": [],
                    "provider": "provider.github"
                },
                "github_team_membership.team_membership.5": {
                    "type": "github_team_membership",
                    "depends_on": [],
                    "primary": {
                        "id": "2915520:galund",
                        "attributes": {
                            "etag": "W/\"599bfd42e60e4fbdd84444a900df298a\"",
                            "id": "2915520:galund",
                            "role": "member",
                            "team_id": "2915520",
                            "username": "galund"
                        },
                        "meta": {},
                        "tainted": false
                    },
                    "deposed": [],
                    "provider": "provider.github"
                },
                "github_team_membership.team_membership.6": {
                    "type": "github_team_membership",
                    "depends_on": [],
                    "primary": {
                        "id": "2915524:galund",
                        "attributes": {
                            "etag": "W/\"6271322177ee6d14183dfd09a840210f\"",
                            "id": "2915524:galund",
                            "role": "member",
                            "team_id": "2915524",
                            "username": "galund"
                        },
                        "meta": {},
                        "tainted": false
                    },
                    "deposed": [],
                    "provider": "provider.github"
                }
            },
            "depends_on": []
        },
        {
            "path": [
                "root",
                "user_guruchand"
            ],
            "outputs": {},
            "resources": {
                "data.github_user.user": {
                    "type": "github_user",
                    "depends_on": [],
                    "primary": {
                        "id": "32485940",
                        "attributes": {
                            "avatar_url": "https://avatars2.githubusercontent.com/u/32485940?v=4",
                            "bio": "",
                            "blog": "",
                            "company": "",
                            "email": "",
                            "followers": "0",
                            "following": "0",
                            "gpg_keys.#": "0",
                            "gravatar_id": "",
                            "id": "32485940",
                            "location": "",
                            "login": "guruchand",
                            "name": "",
                            "public_gists": "0",
                            "public_repos": "0",
                            "site_admin": "false",
                            "ssh_keys.#": "0",
                            "username": "guruchand"
                        },
                        "meta": {},
                        "tainted": false
                    },
                    "deposed": [],
                    "provider": "provider.github"
                },
                "github_membership.org_membership": {
                    "type": "github_membership",
                    "depends_on": [],
                    "primary": {
                        "id": "alphagov:guruchand",
                        "attributes": {
                            "etag": "W/\"5c956b71946b2700080cc81bee2a42b5\"",
                            "id": "alphagov:guruchand",
                            "role": "member",
                            "username": "guruchand"
                        },
                        "meta": {},
                        "tainted": false
                    },
                    "deposed": [],
                    "provider": "provider.github"
                },
                "github_team_membership.team_membership.0": {
                    "type": "github_team_membership",
                    "depends_on": [],
                    "primary": {
                        "id": "2826122:guruchand",
                        "attributes": {
                            "etag": "W/\"4e5f03566f28cf8bd6d5ebfbc49f40c2\"",
                            "id": "2826122:guruchand",
                            "role": "member",
                            "team_id": "2826122",
                            "username": "guruchand"
                        },
                        "meta": {},
                        "tainted": false
                    },
                    "deposed": [],
                    "provider": "provider.github"
                },
                "github_team_membership.team_membership.1": {
                    "type": "github_team_membership",
                    "depends_on": [],
                    "primary": {
                        "id": "2826121:guruchand",
                        "attributes": {
                            "etag": "W/\"8c6ab9ebfcc3f085603c1841d7ed0530\"",
                            "id": "2826121:guruchand",
                            "role": "member",
                            "team_id": "2826121",
                            "username": "guruchand"
                        },
                        "meta": {},
                        "tainted": false
                    },
                    "deposed": [],
                    "provider": "provider.github"
                },
                "github_team_membership.team_membership.2": {
                    "type": "github_team_membership",
                    "depends_on": [],
                    "primary": {
                        "id": "2826120:guruchand",
                        "attributes": {
                            "etag": "W/\"4c5197b89b78ade416d2fa1851aadf6b\"",
                            "id": "2826120:guruchand",
                            "role": "member",
                            "team_id": "2826120",
                            "username": "guruchand"
                        },
                        "meta": {},
                        "tainted": false
                    },
                    "deposed": [],
                    "provider": "provider.github"
                },
                "github_team_membership.team_membership.3": {
                    "type": "github_team_membership",
                    "depends_on": [],
                    "primary": {
                        "id": "2826126:guruchand",
                        "attributes": {
                            "etag": "W/\"6669f151d0f5f72e5335c336fe3b1453\"",
                            "id": "2826126:guruchand",
                            "role": "member",
                            "team_id": "2826126",
                            "username": "guruchand"
                        },
                        "meta": {},
                        "tainted": false
                    },
                    "deposed": [],
                    "provider": "provider.github"
                },
                "github_team_membership.team_membership.4": {
                    "type": "github_team_membership",
                    "depends_on": [],
                    "primary": {
                        "id": "2826123:guruchand",
                        "attributes": {
                            "etag": "W/\"6c2256f3534773f7e7b1aef4788ddecd\"",
                            "id": "2826123:guruchand",
                            "role": "member",
                            "team_id": "2826123",
                            "username": "guruchand"
                        },
                        "meta": {},
                        "tainted": false
                    },
                    "deposed": [],
                    "provider": "provider.github"
                },
                "github_team_membership.team_membership.5": {
                    "type": "github_team_membership",
                    "depends_on": [],
                    "primary": {
                        "id": "2826125:guruchand",
                        "attributes": {
                            "etag": "W/\"93f19eda7ec5b6c0df96f917374b2a96\"",
                            "id": "2826125:guruchand",
                            "role": "member",
                            "team_id": "2826125",
                            "username": "guruchand"
                        },
                        "meta": {},
                        "tainted": false
                    },
                    "deposed": [],
                    "provider": "provider.github"
                },
                "github_team_membership.team_membership.6": {
                    "type": "github_team_membership",
                    "depends_on": [],
                    "primary": {
                        "id": "2915524:guruchand",
                        "attributes": {
                            "etag": "W/\"cc0b14542e0058d20ff7bcd7ab442125\"",
                            "id": "2915524:guruchand",
                            "role": "member",
                            "team_id": "2915524",
                            "username": "guruchand"
                        },
                        "meta": {},
                        "tainted": false
                    },
                    "deposed": [],
                    "provider": "provider.github"
                }
            },
            "depends_on": []
        },
        {
            "path": [
                "root",
                "user_ida_build_bot"
            ],
            "outputs": {},
            "resources": {
                "data.github_user.user": {
                    "type": "github_user",
                    "depends_on": [],
                    "primary": {
                        "id": "8503068",
                        "attributes": {
                            "avatar_url": "https://avatars1.githubusercontent.com/u/8503068?v=4",
                            "bio": "",
                            "blog": "",
                            "company": "",
                            "email": "",
                            "followers": "0",
                            "following": "0",
                            "gpg_keys.#": "0",
                            "gravatar_id": "",
                            "id": "8503068",
                            "location": "",
                            "login": "ida-build-bot",
                            "name": "",
                            "public_gists": "0",
                            "public_repos": "0",
                            "site_admin": "false",
                            "ssh_keys.#": "3",
                            "ssh_keys.0": "ssh-rsa AAAAB3NzaC1yc2EAAAADAQABAAABAQDBK7kdgYtU6NxeWY4rwD8fSESqZHKTahXfwgOheBjMH0UF8k9euPONDwY/q2WPjdXg2q96fW0sd3h1OKZuzVXwa/gBFolJM1P3rC8DG6TxWBTJea6lnsRcEuuvbv1dzS1yjU2NI7WX3wP+Ak6VbbqH+a+kyjscFr26NOdiQnz1CDPplEsiq/ckKJyfgNqS9325+cWbfbPsZGJu9DASIxdMXzdBaiOcFfM9JKf0xNqNt2sQIdZOCxyvvAAZMTqjQ2CheaSAXhXjyQZT32Lwqwq2a9JClEtM5cytHyjEAXjjq0QXVHWXMaQp+rhse+9i+rXyA3o/v3Zmz/zYbN6iTqE1",
                            "ssh_keys.1": "ssh-rsa AAAAB3NzaC1yc2EAAAADAQABAAABAQDlImOctBmPBmYGIbUaSjvEmynWfUYJm0JqFM5YK0THj6AOCJ/I1wAOfi1/vb6nKNbF0o0uvUCSXQew9PSB8OLjjPdpEpVagAGXMCvXXdacVgGJJq9wMSvUbaJOSz9ucpaRUNW43XwSwby8CJTW3A+gqIDSWl+V9MqCFL/qWJmT/l/Xy7VLlpJf2Od8OQXYiKw+Dld82jqt0eW3oWaCPfK0nVenS2WVS291l/loBc5xHY1r8ygpLz8V6ZRPLfMHc9oQ8gWLEdmkP+sOiQXotEOk/2dVixqdmQq3guK6Ab4rFECkRwSPY+XnXU5X0EVNXO0yzsxHvVMXfbE8bv9fvqk5",
                            "ssh_keys.2": "ssh-rsa AAAAB3NzaC1yc2EAAAADAQABAAABAQDCBY6t76qZt42AO7xDnpU4wImccL0FdHEOI7yF0ObvpiOS0VGrehCNE91fI0rZ+NkglsWukEBZxbfH4HR466gjc50LhJD0vzfwCZjPIVN4IOKurwKFW8q1A6ju1OfBtTiagQMlM+g+iGFWTuslfgVGoTimFH0MN8kR+QHd1Lmum6mlTIQA/nd467J3reDxwUnQXAkbCkerrjTQZ5/T6rKOYS5L88xFkOdwThxCImyA3ygynQ4mVY8+RTqMNWNOKZK5hz0vPK/TUleEllv9+2rsbtqWPvbOswsdaRmfTzNobvo11FbWgF1jkv5H5xbBLMKA57RsdKu/yKFec0qk4coH",
                            "username": "ida-build-bot"
                        },
                        "meta": {},
                        "tainted": false
                    },
                    "deposed": [],
                    "provider": "provider.github"
                },
                "github_membership.org_membership": {
                    "type": "github_membership",
                    "depends_on": [],
                    "primary": {
                        "id": "alphagov:ida-build-bot",
                        "attributes": {
                            "etag": "W/\"acc0a2f76a8a0580c0a2adeea5f253cb\"",
                            "id": "alphagov:ida-build-bot",
                            "role": "member",
                            "username": "ida-build-bot"
                        },
                        "meta": {},
                        "tainted": false
                    },
                    "deposed": [],
                    "provider": "provider.github"
                },
                "github_team_membership.team_membership.0": {
                    "type": "github_team_membership",
                    "depends_on": [],
                    "primary": {
                        "id": "2826122:ida-build-bot",
                        "attributes": {
                            "etag": "W/\"3f92237ef30cb0c4478320692e9aba16\"",
                            "id": "2826122:ida-build-bot",
                            "role": "member",
                            "team_id": "2826122",
                            "username": "ida-build-bot"
                        },
                        "meta": {},
                        "tainted": false
                    },
                    "deposed": [],
                    "provider": "provider.github"
                },
                "github_team_membership.team_membership.1": {
                    "type": "github_team_membership",
                    "depends_on": [],
                    "primary": {
                        "id": "2826127:ida-build-bot",
                        "attributes": {
                            "etag": "W/\"1758d619e3071b898e559eaa84f86ed3\"",
                            "id": "2826127:ida-build-bot",
                            "role": "member",
                            "team_id": "2826127",
                            "username": "ida-build-bot"
                        },
                        "meta": {},
                        "tainted": false
                    },
                    "deposed": [],
                    "provider": "provider.github"
                },
                "github_team_membership.team_membership.2": {
                    "type": "github_team_membership",
                    "depends_on": [],
                    "primary": {
                        "id": "2826126:ida-build-bot",
                        "attributes": {
                            "etag": "W/\"c4111669a571ca104d8f314311dd8751\"",
                            "id": "2826126:ida-build-bot",
                            "role": "member",
                            "team_id": "2826126",
                            "username": "ida-build-bot"
                        },
                        "meta": {},
                        "tainted": false
                    },
                    "deposed": [],
                    "provider": "provider.github"
                },
                "github_team_membership.team_membership.3": {
                    "type": "github_team_membership",
                    "depends_on": [],
                    "primary": {
                        "id": "2826121:ida-build-bot",
                        "attributes": {
                            "etag": "W/\"d8793699ae2f602eef3de70a8cf500fe\"",
                            "id": "2826121:ida-build-bot",
                            "role": "member",
                            "team_id": "2826121",
                            "username": "ida-build-bot"
                        },
                        "meta": {},
                        "tainted": false
                    },
                    "deposed": [],
                    "provider": "provider.github"
                },
                "github_team_membership.team_membership.4": {
                    "type": "github_team_membership",
                    "depends_on": [],
                    "primary": {
                        "id": "2826120:ida-build-bot",
                        "attributes": {
                            "etag": "W/\"99f26618424ae465a271d643784d2fee\"",
                            "id": "2826120:ida-build-bot",
                            "role": "member",
                            "team_id": "2826120",
                            "username": "ida-build-bot"
                        },
                        "meta": {},
                        "tainted": false
                    },
                    "deposed": [],
                    "provider": "provider.github"
                },
                "github_team_membership.team_membership.5": {
                    "type": "github_team_membership",
                    "depends_on": [],
                    "primary": {
                        "id": "2826123:ida-build-bot",
                        "attributes": {
                            "etag": "W/\"ad60ed90c467d840e285a05f11c0dc77\"",
                            "id": "2826123:ida-build-bot",
                            "role": "member",
                            "team_id": "2826123",
                            "username": "ida-build-bot"
                        },
                        "meta": {},
                        "tainted": false
                    },
                    "deposed": [],
                    "provider": "provider.github"
                },
                "github_team_membership.team_membership.6": {
                    "type": "github_team_membership",
                    "depends_on": [],
                    "primary": {
                        "id": "2826125:ida-build-bot",
                        "attributes": {
                            "etag": "W/\"8b791458e7ff639b96834b9400859128\"",
                            "id": "2826125:ida-build-bot",
                            "role": "member",
                            "team_id": "2826125",
                            "username": "ida-build-bot"
                        },
                        "meta": {},
                        "tainted": false
                    },
                    "deposed": [],
                    "provider": "provider.github"
                },
                "github_team_membership.team_membership.7": {
                    "type": "github_team_membership",
                    "depends_on": [],
                    "primary": {
                        "id": "2915520:ida-build-bot",
                        "attributes": {
                            "etag": "W/\"72c3bda033e85155098d8f31a67a578a\"",
                            "id": "2915520:ida-build-bot",
                            "role": "member",
                            "team_id": "2915520",
                            "username": "ida-build-bot"
                        },
                        "meta": {},
                        "tainted": false
                    },
                    "deposed": [],
                    "provider": "provider.github"
                },
                "github_team_membership.team_membership.8": {
                    "type": "github_team_membership",
                    "depends_on": [],
                    "primary": {
                        "id": "2826124:ida-build-bot",
                        "attributes": {
                            "etag": "W/\"f814ad8345f7c84b7163e3f7cfe5fd13\"",
                            "id": "2826124:ida-build-bot",
                            "role": "member",
                            "team_id": "2826124",
                            "username": "ida-build-bot"
                        },
                        "meta": {},
                        "tainted": false
                    },
                    "deposed": [],
                    "provider": "provider.github"
                },
                "github_team_membership.team_membership.9": {
                    "type": "github_team_membership",
                    "depends_on": [],
                    "primary": {
                        "id": "2915524:ida-build-bot",
                        "attributes": {
                            "etag": "W/\"98f68d6588a0b1a67961ba2745ecd740\"",
                            "id": "2915524:ida-build-bot",
                            "role": "member",
                            "team_id": "2915524",
                            "username": "ida-build-bot"
                        },
                        "meta": {},
                        "tainted": false
                    },
                    "deposed": [],
                    "provider": "provider.github"
                }
            },
            "depends_on": []
        },
        {
            "path": [
                "root",
                "user_irenelau_gds"
            ],
            "outputs": {},
            "resources": {
                "data.github_user.user": {
                    "type": "github_user",
                    "depends_on": [],
                    "primary": {
                        "id": "30260246",
                        "attributes": {
                            "avatar_url": "https://avatars0.githubusercontent.com/u/30260246?v=4",
                            "bio": "",
                            "blog": "",
                            "company": "",
                            "email": "",
                            "followers": "0",
                            "following": "0",
                            "gpg_keys.#": "1",
                            "gpg_keys.0": "xsFNBFvEccIBEAC+2moZDxJKyVjrBS2im133rj8pEhgORyfq7PDzmt52ttRNYaQoVNxXfYAhpPaogZ95SqaGkfU2xEMNqHlRPQuDRd6Tkg1FuhlvWWMh9khGJk6JkIWmRpMbdKOZLu7TXRUFqWzTvTZoQ0konEhG/410NK+nA7fg6z7IE0OP5nVBgDZiC01JjfsKOY8kTb4P/aIidgCyuFPB1zA+gfxeXorDxGLdaOJ3FQWBC4GHCRpCbEmF4fLyDPN1iS2Jk4vERHoMT+xFsraNTGdAUyVi1keH9oyPviJQkzrszawFULpY/MIp0SrKMf/ytYmQ75dBqDkwlygaDcYbXav3BFlu78W+IQBRPyJzxTr6C8wgY1nZg3WX4mUxDo+VZfOyeKZIIWH7+8qX1trJEccyW2uHTYw6hC8QqQYsbFXP0sBsIdUFkgb3XKde7GlOJ1zKiD7ikWl2IfFK1gaTHkkvA8PlhrxSxkr2OP3+LY/muaW9XYs2weEW9h8ziqgu2RqtPSRtyXFkDi8TnUI6VNR7tiRnA36d2uh8yl7YRj9EIXqJZHbiDaZTdKPILZBDUqKfX70xrxhuDjZiYH6l/8nJqsMjfKNFXrwGGX1jtLVLec90jK8QJcC28/1xJAq9pFtADJo8UsW0X9HUesLnHBCYcMAwpvBUWdmNLstBd8KTJ6evYPQm/QARAQAB",
                            "gravatar_id": "",
                            "id": "30260246",
                            "location": "",
                            "login": "IreneLau-GDS",
                            "name": "",
                            "public_gists": "0",
                            "public_repos": "0",
                            "site_admin": "false",
                            "ssh_keys.#": "1",
                            "ssh_keys.0": "ssh-rsa AAAAB3NzaC1yc2EAAAADAQABAAACAQCcqJ0vd/0/VRRQ/1kZ1hnuxJO9aZv9jVXPQ/6eQPDmunFqcJ5mbyfuwxcpQNucUwwqJoo6hpcWrrcbd6b4tblWDfg3sn2o+Z47pO46WPNdcveBQST1a57QsJBHIo4U5h4YBe6rIlpx0uSmUOd1xfCldLTBhGE+H/WbwXpb6lHTx0A8Fw+SAKpg9piZynW7Kx1ioaFh9Lr3RFc6aLyFiZErFAYHFLWVnTBeSBKB+s0QXalzjbcFGMokrkXdAtyR5wak9yf0OgXudlumJll6MpkvqcYvOpL67MeNoAqAtlry/EsVnAMCY2Lrjolt0dM8GC/d4NsqOAktjmfb4u4htS7vuZonDDf9EsEYwMkA0i3HnvwYnk+/gg99I/7JDj+Rj//XgF7D8WGHKlQOeUVfQ9YIGYQHaFLXnI/invHGIiDlHKIXJ6lmDkuLv63LeE11x+JGNw8PpVAjxq0LlJLqW4/tGp+j/VwA6kom5O+ii/ka2HEQgrFr5520Mzj81lIjrqGBrZraYNrXNkcBtL32mkDd4O34ifkEa8hpYqT3jLJNBJWe/fEYQ0swfWjc0gQSm+fts9HsCzQcm0JAKSSOjnJjNFtQwJtHS55VhfC3pj2SAUsrATxR32coX2g/B47/I7SFADwGZJsSBktjPv9jvbrEwZrk6JRmUzUSVWtiaqTrBQ==",
                            "username": "IreneLau-GDS"
                        },
                        "meta": {},
                        "tainted": false
                    },
                    "deposed": [],
                    "provider": "provider.github"
                },
                "github_membership.org_membership": {
                    "type": "github_membership",
                    "depends_on": [],
                    "primary": {
                        "id": "alphagov:IreneLau-GDS",
                        "attributes": {
                            "etag": "W/\"26281ef587bf86643940770b992046f6\"",
                            "id": "alphagov:IreneLau-GDS",
                            "role": "admin",
                            "username": "IreneLau-GDS"
                        },
                        "meta": {},
                        "tainted": false
                    },
                    "deposed": [],
                    "provider": "provider.github"
                },
                "github_team_membership.team_membership.0": {
                    "type": "github_team_membership",
                    "depends_on": [],
                    "primary": {
                        "id": "2826122:IreneLau-GDS",
                        "attributes": {
                            "etag": "W/\"e0d9fd3b2ed8a0ffe87c3648f13c570f\"",
                            "id": "2826122:IreneLau-GDS",
                            "role": "maintainer",
                            "team_id": "2826122",
                            "username": "IreneLau-GDS"
                        },
                        "meta": {},
                        "tainted": false
                    },
                    "deposed": [],
                    "provider": "provider.github"
                },
                "github_team_membership.team_membership.1": {
                    "type": "github_team_membership",
                    "depends_on": [],
                    "primary": {
                        "id": "2826127:IreneLau-GDS",
                        "attributes": {
                            "etag": "W/\"2e649a0a5b32f0b090ef988f665c1484\"",
                            "id": "2826127:IreneLau-GDS",
                            "role": "maintainer",
                            "team_id": "2826127",
                            "username": "IreneLau-GDS"
                        },
                        "meta": {},
                        "tainted": false
                    },
                    "deposed": [],
                    "provider": "provider.github"
                },
                "github_team_membership.team_membership.2": {
                    "type": "github_team_membership",
                    "depends_on": [],
                    "primary": {
                        "id": "2826126:IreneLau-GDS",
                        "attributes": {
                            "etag": "W/\"7ff40f0dd19feea9590aa6f82a6dcede\"",
                            "id": "2826126:IreneLau-GDS",
                            "role": "maintainer",
                            "team_id": "2826126",
                            "username": "IreneLau-GDS"
                        },
                        "meta": {},
                        "tainted": false
                    },
                    "deposed": [],
                    "provider": "provider.github"
                },
                "github_team_membership.team_membership.3": {
                    "type": "github_team_membership",
                    "depends_on": [],
                    "primary": {
                        "id": "2826121:IreneLau-GDS",
                        "attributes": {
                            "etag": "W/\"9195746d0c1f828972a460a697054a8d\"",
                            "id": "2826121:IreneLau-GDS",
                            "role": "maintainer",
                            "team_id": "2826121",
                            "username": "IreneLau-GDS"
                        },
                        "meta": {},
                        "tainted": false
                    },
                    "deposed": [],
                    "provider": "provider.github"
                },
                "github_team_membership.team_membership.4": {
                    "type": "github_team_membership",
                    "depends_on": [],
                    "primary": {
                        "id": "2826120:IreneLau-GDS",
                        "attributes": {
                            "etag": "W/\"5608471fba961721349b0a4236bfade0\"",
                            "id": "2826120:IreneLau-GDS",
                            "role": "maintainer",
                            "team_id": "2826120",
                            "username": "IreneLau-GDS"
                        },
                        "meta": {},
                        "tainted": false
                    },
                    "deposed": [],
                    "provider": "provider.github"
                },
                "github_team_membership.team_membership.5": {
                    "type": "github_team_membership",
                    "depends_on": [],
                    "primary": {
                        "id": "2826123:IreneLau-GDS",
                        "attributes": {
                            "etag": "W/\"23833314b3f8c2a1a6f1d4af6e886b92\"",
                            "id": "2826123:IreneLau-GDS",
                            "role": "maintainer",
                            "team_id": "2826123",
                            "username": "IreneLau-GDS"
                        },
                        "meta": {},
                        "tainted": false
                    },
                    "deposed": [],
                    "provider": "provider.github"
                },
                "github_team_membership.team_membership.6": {
                    "type": "github_team_membership",
                    "depends_on": [],
                    "primary": {
                        "id": "2826125:IreneLau-GDS",
                        "attributes": {
                            "etag": "W/\"c67ab8d96a352ae9fc949ed293ee7eea\"",
                            "id": "2826125:IreneLau-GDS",
                            "role": "maintainer",
                            "team_id": "2826125",
                            "username": "IreneLau-GDS"
                        },
                        "meta": {},
                        "tainted": false
                    },
                    "deposed": [],
                    "provider": "provider.github"
                },
                "github_team_membership.team_membership.7": {
                    "type": "github_team_membership",
                    "depends_on": [],
                    "primary": {
                        "id": "2915520:IreneLau-GDS",
                        "attributes": {
                            "etag": "W/\"23a9a908166397737a85eca4b21a27e9\"",
                            "id": "2915520:IreneLau-GDS",
                            "role": "maintainer",
                            "team_id": "2915520",
                            "username": "IreneLau-GDS"
                        },
                        "meta": {},
                        "tainted": false
                    },
                    "deposed": [],
                    "provider": "provider.github"
                },
                "github_team_membership.team_membership.8": {
                    "type": "github_team_membership",
                    "depends_on": [],
                    "primary": {
                        "id": "2826124:IreneLau-GDS",
                        "attributes": {
                            "etag": "W/\"82b58f567cb90290020d8723cf3711c6\"",
                            "id": "2826124:IreneLau-GDS",
                            "role": "maintainer",
                            "team_id": "2826124",
                            "username": "IreneLau-GDS"
                        },
                        "meta": {},
                        "tainted": false
                    },
                    "deposed": [],
                    "provider": "provider.github"
                },
                "github_team_membership.team_membership.9": {
                    "type": "github_team_membership",
                    "depends_on": [],
                    "primary": {
                        "id": "2915524:IreneLau-GDS",
                        "attributes": {
                            "etag": "W/\"fd23faf0d2d02d83febc89f22e6eb8fb\"",
                            "id": "2915524:IreneLau-GDS",
                            "role": "maintainer",
                            "team_id": "2915524",
                            "username": "IreneLau-GDS"
                        },
                        "meta": {},
                        "tainted": false
                    },
                    "deposed": [],
                    "provider": "provider.github"
                }
            },
            "depends_on": []
        },
        {
            "path": [
                "root",
                "user_jakubmiarka"
            ],
            "outputs": {},
            "resources": {
                "data.github_user.user": {
                    "type": "github_user",
                    "depends_on": [],
                    "primary": {
                        "id": "30629434",
                        "attributes": {
                            "avatar_url": "https://avatars3.githubusercontent.com/u/30629434?v=4",
                            "bio": "",
                            "blog": "",
                            "company": "",
                            "email": "",
                            "followers": "0",
                            "following": "0",
                            "gpg_keys.#": "0",
                            "gravatar_id": "",
                            "id": "30629434",
                            "location": "",
                            "login": "jakubmiarka",
                            "name": "Jakub Miarka",
                            "public_gists": "0",
                            "public_repos": "1",
                            "site_admin": "false",
                            "ssh_keys.#": "1",
                            "ssh_keys.0": "ssh-rsa AAAAB3NzaC1yc2EAAAADAQABAAACAQC0P/aCxylpAfCsSAozPT4mixHCl8/zvKg0TrZKc92p0EEVBe6ZzO6R/xcyArm7/gQPYMjRTDyLswCH5WFn0Zx4YjCypMZndRLk0fe6018VNYg4jsbWAGSpK2If8m+WbhOaYcBNoGyIMds+kWWJi2JE1iyL1UyyM/oRilp1vP4zlNfKKTojM8GISUaGwvPp+0HkCNDmbjyaNAoMc5hyywKeFdFms2Z5E0yTGlebjVRl38jZJwuUsSYp3a29N8rtZi2QPXKmftL4HByVpRk/T8zka0rb37QaeMuTrXWJcF1lgqYI9gvaAd2tNLbXwXeA8N9tbhS5WVPIZwn88v9353HrHfEH4lzOPZr33I0cK7BKqeHN/m3TRTQM+ZC9fZiJWSAake96d1MPi8yYs3A7b9wTeVal7NAxysqvpZz7zQGP5vSfoLMCaw8zzIpLGyl/KdCEF84q+E6R/LzPFkq6Dg/UScdcJZtT67aoT1agAzjrVUp5+N7dt9fBQrh0jRSDtJF5b85BNoLbErKCOMSzoQWuRoKkNVZhw+o8xL4KW/xAtBy2D/F54YRohG+/4W+72lA85cFpCyJJ1d3xiOLeUFIUiMWNjKXNCl6oTBxBg+sAYphXHJVQukJiapSXAMAEhTgPT9Lj7Jm+KfJOlN0klxE17FwIMzvstVxXq9ZS27Dhgw==",
                            "username": "jakubmiarka"
                        },
                        "meta": {},
                        "tainted": false
                    },
                    "deposed": [],
                    "provider": "provider.github"
                },
                "github_membership.org_membership": {
                    "type": "github_membership",
                    "depends_on": [],
                    "primary": {
                        "id": "alphagov:jakubmiarka",
                        "attributes": {
                            "etag": "W/\"97e7f7852ba76283c15b5c71129be53c\"",
                            "id": "alphagov:jakubmiarka",
                            "role": "member",
                            "username": "jakubmiarka"
                        },
                        "meta": {},
                        "tainted": false
                    },
                    "deposed": [],
                    "provider": "provider.github"
                },
                "github_team_membership.team_membership.0": {
                    "type": "github_team_membership",
                    "depends_on": [],
                    "primary": {
                        "id": "2826122:jakubmiarka",
                        "attributes": {
                            "etag": "W/\"e249eace650afdf71c74784b849a8035\"",
                            "id": "2826122:jakubmiarka",
                            "role": "member",
                            "team_id": "2826122",
                            "username": "jakubmiarka"
                        },
                        "meta": {},
                        "tainted": false
                    },
                    "deposed": [],
                    "provider": "provider.github"
                },
                "github_team_membership.team_membership.1": {
                    "type": "github_team_membership",
                    "depends_on": [],
                    "primary": {
                        "id": "2826123:jakubmiarka",
                        "attributes": {
                            "etag": "W/\"5b2a787606f5ed8ef330ba3342288e3d\"",
                            "id": "2826123:jakubmiarka",
                            "role": "member",
                            "team_id": "2826123",
                            "username": "jakubmiarka"
                        },
                        "meta": {},
                        "tainted": false
                    },
                    "deposed": [],
                    "provider": "provider.github"
                },
                "github_team_membership.team_membership.2": {
                    "type": "github_team_membership",
                    "depends_on": [],
                    "primary": {
                        "id": "2826125:jakubmiarka",
                        "attributes": {
                            "etag": "W/\"7e6ae3048574d3ffee1b9a63026fa02f\"",
                            "id": "2826125:jakubmiarka",
                            "role": "member",
                            "team_id": "2826125",
                            "username": "jakubmiarka"
                        },
                        "meta": {},
                        "tainted": false
                    },
                    "deposed": [],
                    "provider": "provider.github"
                },
                "github_team_membership.team_membership.3": {
                    "type": "github_team_membership",
                    "depends_on": [],
                    "primary": {
                        "id": "2915524:jakubmiarka",
                        "attributes": {
                            "etag": "W/\"600dee50d1d2d7e84a5576de5e1ae946\"",
                            "id": "2915524:jakubmiarka",
                            "role": "member",
                            "team_id": "2915524",
                            "username": "jakubmiarka"
                        },
                        "meta": {},
                        "tainted": false
                    },
                    "deposed": [],
                    "provider": "provider.github"
                }
            },
            "depends_on": []
        },
        {
            "path": [
                "root",
                "user_javindo"
            ],
            "outputs": {},
            "resources": {
                "data.github_user.user": {
                    "type": "github_user",
                    "depends_on": [],
                    "primary": {
                        "id": "4411575",
                        "attributes": {
                            "avatar_url": "https://avatars1.githubusercontent.com/u/4411575?v=4",
                            "bio": "Tech Lead of the GOV.UK Verify Optimising The Service team",
                            "blog": "",
                            "company": "Government Digital Service",
                            "email": "steve.butler@digital.cabinet-office.gov.uk",
                            "followers": "3",
                            "following": "0",
                            "gpg_keys.#": "0",
                            "gravatar_id": "",
                            "id": "4411575",
                            "location": "",
                            "login": "javindo",
                            "name": "Steve Butler",
                            "public_gists": "0",
                            "public_repos": "4",
                            "site_admin": "false",
                            "ssh_keys.#": "1",
                            "ssh_keys.0": "ssh-rsa AAAAB3NzaC1yc2EAAAADAQABAAABAQDAnG0GX39rdxNMRlcU+6lJiNJmfPZ28DLy+SdtXarjZsUS6vsdjAvOSyzEJX5xNm+Xq1bPQ/A2965UxoA9/dE0CAwGYHtYBP3J238/LBSqrl1CCwhjR7yLPwBH2G5dTEGLUub/j9i2AS8LEATs13tF1zCL3CkIHPt6HWm1jtGFlH/qYhq/+C8CKolUS29lrhlRvNhP2Hkn7LwjxDoeegVaPSC4RkYeq0iDYKzCmtfNKHisaqIEosh1X9cYE27ZZkMxWQ+SRQpyejcVkHFbKtfcnRIOkXqlq9SMLV8ZbOHjoGw4yWCWDu7FfN0V5SKvk0M5hqm6B5TNdsf1KbPANMCP",
                            "username": "javindo"
                        },
                        "meta": {},
                        "tainted": false
                    },
                    "deposed": [],
                    "provider": "provider.github"
                },
                "github_membership.org_membership": {
                    "type": "github_membership",
                    "depends_on": [],
                    "primary": {
                        "id": "alphagov:javindo",
                        "attributes": {
                            "etag": "W/\"b13c90dad7ff6c4fe39750207ff8a60d\"",
                            "id": "alphagov:javindo",
                            "role": "member",
                            "username": "javindo"
                        },
                        "meta": {},
                        "tainted": false
                    },
                    "deposed": [],
                    "provider": "provider.github"
                },
                "github_team_membership.team_membership.0": {
                    "type": "github_team_membership",
                    "depends_on": [],
                    "primary": {
                        "id": "2826122:javindo",
                        "attributes": {
                            "etag": "W/\"837776bb8bd9d51f4053238b32c1ea7e\"",
                            "id": "2826122:javindo",
                            "role": "member",
                            "team_id": "2826122",
                            "username": "javindo"
                        },
                        "meta": {},
                        "tainted": false
                    },
                    "deposed": [],
                    "provider": "provider.github"
                },
                "github_team_membership.team_membership.1": {
                    "type": "github_team_membership",
                    "depends_on": [],
                    "primary": {
                        "id": "2826123:javindo",
                        "attributes": {
                            "etag": "W/\"e98fa869c2bacdb5ac27888ffb59bb49\"",
                            "id": "2826123:javindo",
                            "role": "member",
                            "team_id": "2826123",
                            "username": "javindo"
                        },
                        "meta": {},
                        "tainted": false
                    },
                    "deposed": [],
                    "provider": "provider.github"
                },
                "github_team_membership.team_membership.2": {
                    "type": "github_team_membership",
                    "depends_on": [],
                    "primary": {
                        "id": "2826125:javindo",
                        "attributes": {
                            "etag": "W/\"3c38d431315714fb94e81b6b0ddcc1fb\"",
                            "id": "2826125:javindo",
                            "role": "member",
                            "team_id": "2826125",
                            "username": "javindo"
                        },
                        "meta": {},
                        "tainted": false
                    },
                    "deposed": [],
                    "provider": "provider.github"
                },
                "github_team_membership.team_membership.3": {
                    "type": "github_team_membership",
                    "depends_on": [],
                    "primary": {
                        "id": "2915524:javindo",
                        "attributes": {
                            "etag": "W/\"0c8cb5c325d10d2c0747b2872fef49aa\"",
                            "id": "2915524:javindo",
                            "role": "member",
                            "team_id": "2915524",
                            "username": "javindo"
                        },
                        "meta": {},
                        "tainted": false
                    },
                    "deposed": [],
                    "provider": "provider.github"
                }
            },
            "depends_on": []
        },
        {
            "path": [
                "root",
                "user_jhjava"
            ],
            "outputs": {},
            "resources": {
                "data.github_user.user": {
                    "type": "github_user",
                    "depends_on": [],
                    "primary": {
                        "id": "35073557",
                        "attributes": {
                            "avatar_url": "https://avatars0.githubusercontent.com/u/35073557?v=4",
                            "bio": "",
                            "blog": "",
                            "company": "",
                            "email": "",
                            "followers": "0",
                            "following": "0",
                            "gpg_keys.#": "0",
                            "gravatar_id": "",
                            "id": "35073557",
                            "location": "",
                            "login": "JHjava",
                            "name": "",
                            "public_gists": "0",
                            "public_repos": "1",
                            "site_admin": "false",
                            "ssh_keys.#": "2",
                            "ssh_keys.0": "ssh-rsa AAAAB3NzaC1yc2EAAAADAQABAAACAQC/yZQW+Xz9N6IwzwTm77jBMZHICrG/IUXA/CPnSeA8x5GIjo5ey5GXzUL3BOvj+7U8RPzg9WtI1cTpDFGxS7+i44ls5HFtE4ozaSBZdfDNqyxB1aQEiWRT8O12Q2e74NauljUHRkljS6DEmlt49lii4np/LvyJ5gbmGCxFCAMDP8cKMFEg3hdWr1jiM69/pFsiw0+VwrPv5G2cmCSmEVcvmip51VsdfA+d7k0+V054llYlZmKtGR3w2FDt0tUg+q1Jta5ZwokzYNJpBHrQkaB10TpQUJnrAUFuaa30sWdhmh9DNcthRJXSjiiRxPnwcnlhEN70swxDAMFe1syXSM2aCP6eL+qYBvcEjPHyDijUK1sG0//uTvGJY1xSwWws6NWMPpSkEW8fsUr7Fo3XmIpU6CXYtLlOQ4UC2w3pPQoDW3qKAilHdugBj26gj0qfInFwKl4/fsLgKLyNIaTbG8G2KKLtMAcu6nQ/PF4+xvdfmbUK+mQ9y5oUYm5z2WkZC9Q7lTkL+yBGdtaCMycHhbniDQeB5jMNktL78UxOhy4ICmOyr6BaDFscXS49OB0pFZZ55GBRUhinH6apIerM+3Jm8wX2mG82YkmOJfZc47rSLQbwkhy5522cKr6+KI20w16JBRmbHxkFoCotWqd0TgZ+EgxDQ+vPrQw1zySPXFlQew==",
                            "ssh_keys.1": "ssh-rsa AAAAB3NzaC1yc2EAAAADAQABAAACAQDVWjwMKLbW9aeG+78MlZI27aDBbd5hDIb64lCZNAjla3vbYfIAIqoqKpQCFQWfLmmCgp3i5lF8ZQ3+20LF62dSdsB0+2JfdyKgFf6A3kDLCSBz3s7e+megOIlhgtobvk64X2R1hGzeV8uxxfp5hfF0KqHwUXuRmUJ1qCpsOH5Bh2aA2XMM3gdH84aOxL4RscDUXzQEgbrTdwmGDfLEafHCiKFVspVUlJtWqhbA9UJoZ29ZDZHwBJLMRNV6mHGrxNU0jArst9bLyjIikaGy3tSjSmTD6kfyVsljNZn/0AkqI+akHPbYDGtcYXJnr9+YubT+KsWdmB2/M7FxWXuJIy7J/eR0Ldus6e1LWtXsCZHqRcOPe5kn7wojqiwHeFvA8MeadAlm9xzvUlLrS9oOnPx2fBBby1pc/iTuDXOscH+RiemfHzNOgzcGlPkBxFUGri2L2hfOpw+4TUMtmGz1VBi1K/iyq0A+Fd2OCHBHncwSowkcCCfAV4jdUvSGvONXzkEGtfT0GfRXGHH5Ibtkm+9hIoVtpJT4t/pCb5j+W1v1Qisoof++u6EpOAs1Ihm+vKkEktjEVad/O4SkoIFvolYoO2zxqeAN8QBP8WQW6uzS4LamfIfRpyg5nJ4jBLsyX6gIH5QmpSz2Jh+RFc5FKGS8yvND3SKPYa4TE5rHGcZynw==",
                            "username": "JHjava"
                        },
                        "meta": {},
                        "tainted": false
                    },
                    "deposed": [],
                    "provider": "provider.github"
                },
                "github_membership.org_membership": {
                    "type": "github_membership",
                    "depends_on": [],
                    "primary": {
                        "id": "alphagov:JHjava",
                        "attributes": {
                            "etag": "W/\"99a0618add4385478be3146565696da0\"",
                            "id": "alphagov:JHjava",
                            "role": "member",
                            "username": "JHjava"
                        },
                        "meta": {},
                        "tainted": false
                    },
                    "deposed": [],
                    "provider": "provider.github"
                },
                "github_team_membership.team_membership.0": {
                    "type": "github_team_membership",
                    "depends_on": [],
                    "primary": {
                        "id": "2826122:JHjava",
                        "attributes": {
                            "etag": "W/\"573a4fd70927e250d033d0fa714e05f0\"",
                            "id": "2826122:JHjava",
                            "role": "member",
                            "team_id": "2826122",
                            "username": "JHjava"
                        },
                        "meta": {},
                        "tainted": false
                    },
                    "deposed": [],
                    "provider": "provider.github"
                },
                "github_team_membership.team_membership.1": {
                    "type": "github_team_membership",
                    "depends_on": [],
                    "primary": {
                        "id": "2826121:JHjava",
                        "attributes": {
                            "etag": "W/\"66ff3b88082d3b97970462dd31e6ebcb\"",
                            "id": "2826121:JHjava",
                            "role": "member",
                            "team_id": "2826121",
                            "username": "JHjava"
                        },
                        "meta": {},
                        "tainted": false
                    },
                    "deposed": [],
                    "provider": "provider.github"
                },
                "github_team_membership.team_membership.2": {
                    "type": "github_team_membership",
                    "depends_on": [],
                    "primary": {
                        "id": "2826120:JHjava",
                        "attributes": {
                            "etag": "W/\"be00405d2594e0f0e2db478ec6096044\"",
                            "id": "2826120:JHjava",
                            "role": "member",
                            "team_id": "2826120",
                            "username": "JHjava"
                        },
                        "meta": {},
                        "tainted": false
                    },
                    "deposed": [],
                    "provider": "provider.github"
                },
                "github_team_membership.team_membership.3": {
                    "type": "github_team_membership",
                    "depends_on": [],
                    "primary": {
                        "id": "2826126:JHjava",
                        "attributes": {
                            "etag": "W/\"50f1205ea4f6465843c307f1234e3f74\"",
                            "id": "2826126:JHjava",
                            "role": "member",
                            "team_id": "2826126",
                            "username": "JHjava"
                        },
                        "meta": {},
                        "tainted": false
                    },
                    "deposed": [],
                    "provider": "provider.github"
                },
                "github_team_membership.team_membership.4": {
                    "type": "github_team_membership",
                    "depends_on": [],
                    "primary": {
                        "id": "2826123:JHjava",
                        "attributes": {
                            "etag": "W/\"2055a2715e4cc2203b7b7f2fc515e627\"",
                            "id": "2826123:JHjava",
                            "role": "member",
                            "team_id": "2826123",
                            "username": "JHjava"
                        },
                        "meta": {},
                        "tainted": false
                    },
                    "deposed": [],
                    "provider": "provider.github"
                },
                "github_team_membership.team_membership.5": {
                    "type": "github_team_membership",
                    "depends_on": [],
                    "primary": {
                        "id": "2826125:JHjava",
                        "attributes": {
                            "etag": "W/\"7732d4dfa873616637fc69a3e13dd9fe\"",
                            "id": "2826125:JHjava",
                            "role": "member",
                            "team_id": "2826125",
                            "username": "JHjava"
                        },
                        "meta": {},
                        "tainted": false
                    },
                    "deposed": [],
                    "provider": "provider.github"
                },
                "github_team_membership.team_membership.6": {
                    "type": "github_team_membership",
                    "depends_on": [],
                    "primary": {
                        "id": "2915524:JHjava",
                        "attributes": {
                            "etag": "W/\"2455c0de99c204dc74c9d165d47377ee\"",
                            "id": "2915524:JHjava",
                            "role": "member",
                            "team_id": "2915524",
                            "username": "JHjava"
                        },
                        "meta": {},
                        "tainted": false
                    },
                    "deposed": [],
                    "provider": "provider.github"
                }
            },
            "depends_on": []
        },
        {
            "path": [
                "root",
                "user_jkunle"
            ],
            "outputs": {},
            "resources": {
                "data.github_user.user": {
                    "type": "github_user",
                    "depends_on": [],
                    "primary": {
                        "id": "3749690",
                        "attributes": {
                            "avatar_url": "https://avatars2.githubusercontent.com/u/3749690?v=4",
                            "bio": "GDS Developer",
                            "blog": "",
                            "company": "@alphagov ",
                            "email": "olakunle.jegede@digital.cabinet-office.gov.uk",
                            "followers": "0",
                            "following": "0",
                            "gpg_keys.#": "0",
                            "gravatar_id": "",
                            "id": "3749690",
                            "location": "",
                            "login": "jkunle",
                            "name": "Olakunle Jegede",
                            "public_gists": "0",
                            "public_repos": "22",
                            "site_admin": "false",
                            "ssh_keys.#": "1",
                            "ssh_keys.0": "ssh-rsa AAAAB3NzaC1yc2EAAAADAQABAAACAQDAT2nKoCdvwxPEy4/QOCj7fAvbwlr0rhbFkMfD4oWsfJMqFz23bo4abyBghBZkT1TAIJ8fwed2hpRsZDu3bpsDjRswSxDOITKDRsQA+H1yCILNSpsqEclMnzo5cD+Nw+Kiy8fTjfa0ilbdKEnnKQh9uz0tavFXkNGcvKmxWSTAXAgD9s/nMDAz/Wes/EkkFeq0ODO/O9sYxhXG57l3kTzqDuVi15/KwgIw2Ol8InGIoZsaezCpTPLY6alOfVHC3lrubJfzv6WF7UsDmsnMLukvSvcnrQCirZWMKtH1+RgO4wNJwu6q7vobu20mli05Upz79pwZJcYKs+FZLyGFj6HlKZNpfzhaJje2mjgfNlA1E+96FqZzIaX1YXEvM+UUEZNFwyXqt83CXMACdi1AQRKXEQOib0A0cDwSajsN4GBA6yrm+t5BdQW/sO/Tn5rvG5bPIoLUGxkRCfhCaM6GHbzTHz9+FMzGmxb8Z/gZl1LCKMWC/fJ1bOXk9tuZzsRclcOMOMG6D5BkSmirQCUubtxgdQLlE8pXe5GP2eGMVHyoRp4mNh8Qo4u/5hShSFg+hE5QGcVS+x60bSZxIoVWhKb7ZUN7h6YQ8xqwD1qK2RoWydwG+WgNUtL8xh/g/uDgK692UaRaaqyI5QS+uwBCTy+j9m3LVPa0smUX41H+fwWbqw==",
                            "username": "jkunle"
                        },
                        "meta": {},
                        "tainted": false
                    },
                    "deposed": [],
                    "provider": "provider.github"
                },
                "github_membership.org_membership": {
                    "type": "github_membership",
                    "depends_on": [],
                    "primary": {
                        "id": "alphagov:jkunle",
                        "attributes": {
                            "etag": "W/\"f9cd57efb83822d2cd048ad2f90d3bc2\"",
                            "id": "alphagov:jkunle",
                            "role": "member",
                            "username": "jkunle"
                        },
                        "meta": {},
                        "tainted": false
                    },
                    "deposed": [],
                    "provider": "provider.github"
                },
                "github_team_membership.team_membership.0": {
                    "type": "github_team_membership",
                    "depends_on": [],
                    "primary": {
                        "id": "2826122:jkunle",
                        "attributes": {
                            "etag": "W/\"dbf27b29d36567021fde6e5f0bd7c654\"",
                            "id": "2826122:jkunle",
                            "role": "member",
                            "team_id": "2826122",
                            "username": "jkunle"
                        },
                        "meta": {},
                        "tainted": false
                    },
                    "deposed": [],
                    "provider": "provider.github"
                },
                "github_team_membership.team_membership.1": {
                    "type": "github_team_membership",
                    "depends_on": [],
                    "primary": {
                        "id": "2826127:jkunle",
                        "attributes": {
                            "etag": "W/\"abd0655e85340271077216f581e4642f\"",
                            "id": "2826127:jkunle",
                            "role": "member",
                            "team_id": "2826127",
                            "username": "jkunle"
                        },
                        "meta": {},
                        "tainted": false
                    },
                    "deposed": [],
                    "provider": "provider.github"
                },
                "github_team_membership.team_membership.2": {
                    "type": "github_team_membership",
                    "depends_on": [],
                    "primary": {
                        "id": "2826126:jkunle",
                        "attributes": {
                            "etag": "W/\"a438c5ce979c5d1e3f6e74d694b4e1ad\"",
                            "id": "2826126:jkunle",
                            "role": "member",
                            "team_id": "2826126",
                            "username": "jkunle"
                        },
                        "meta": {},
                        "tainted": false
                    },
                    "deposed": [],
                    "provider": "provider.github"
                },
                "github_team_membership.team_membership.3": {
                    "type": "github_team_membership",
                    "depends_on": [],
                    "primary": {
                        "id": "2826123:jkunle",
                        "attributes": {
                            "etag": "W/\"21cf5413706ae5c272a33044d32e67cb\"",
                            "id": "2826123:jkunle",
                            "role": "member",
                            "team_id": "2826123",
                            "username": "jkunle"
                        },
                        "meta": {},
                        "tainted": false
                    },
                    "deposed": [],
                    "provider": "provider.github"
                },
                "github_team_membership.team_membership.4": {
                    "type": "github_team_membership",
                    "depends_on": [],
                    "primary": {
                        "id": "2826125:jkunle",
                        "attributes": {
                            "etag": "W/\"0c14afe2eac3191463a57028140bbc20\"",
                            "id": "2826125:jkunle",
                            "role": "member",
                            "team_id": "2826125",
                            "username": "jkunle"
                        },
                        "meta": {},
                        "tainted": false
                    },
                    "deposed": [],
                    "provider": "provider.github"
                },
                "github_team_membership.team_membership.5": {
                    "type": "github_team_membership",
                    "depends_on": [],
                    "primary": {
                        "id": "2915524:jkunle",
                        "attributes": {
                            "etag": "W/\"069571fc99e76493a22ec8efdea4ede2\"",
                            "id": "2915524:jkunle",
                            "role": "member",
                            "team_id": "2915524",
                            "username": "jkunle"
                        },
                        "meta": {},
                        "tainted": false
                    },
                    "deposed": [],
                    "provider": "provider.github"
                }
            },
            "depends_on": []
        },
        {
            "path": [
                "root",
                "user_jstandring_gds"
            ],
            "outputs": {},
            "resources": {
                "data.github_user.user": {
                    "type": "github_user",
                    "depends_on": [],
                    "primary": {
                        "id": "19669295",
                        "attributes": {
                            "avatar_url": "https://avatars1.githubusercontent.com/u/19669295?v=4",
                            "bio": "",
                            "blog": "",
                            "company": "",
                            "email": "",
                            "followers": "0",
                            "following": "0",
                            "gpg_keys.#": "1",
                            "gpg_keys.0": "xsFNBFrCKpIBEAC9dE9obtlBxYFQvsrEkgVDukhGb6152Ly3av/WquNSO5oLXghKP0hfgwrTH7EoWzm/sumj6tqwf314AAni1AI1WA5kcGMS+9zB17c3fPKIrOv2KbbIG4VO5gB+9dheG0eGbOzegsFiSLGIxdfcX22fwi3GL1Kw4aoQdFzWhicnJqOkDG2+cKeR/WMGPMnUPjJf/wt2pkIq533Gm0Pt4FEsdoQgB8XcBC2qLCsfETW/ZqB1YP1xpgYRdj9t16JwKh2FgxjZiLUWHaxhX8br3UV+N0Zny4vOBK/zI/GEJUoSndRodFRqipxKtOV6W8R3419ELTO6RGF3/jfogouZPUttw6nXpMEd6v+xqnOq6Ilj6YWYmMHzWYvdkcLZqhr6hIM8flQbrNXxy1DbSQ9ujtoEt9mlgJU3txpVbrMiTez1lgiktjTuqreVr9/Lp+boXTHp1l0/VCnVvlDV9gTuWzvUDS1uaK4rMIZQhqgXfO+NZMgVH4SE3Dbvu7tXHIYhdGnUqxkQaMXzHXxWExGudFZQP8bJBpc023r7OhCJJmo8876WlCIKBvgdpNb2/DXkdmNQDhGQwicLmVtCOdKzN+w1w6NXyZlcN5jJ44PQXrTMAEvRkKLwxixoMijjqWpr1hTT8RpLUcr+biNOqx+bdh29iCuxtxsRdr3m4O4JtmxnfwARAQAB",
                            "gravatar_id": "",
                            "id": "19669295",
                            "location": "",
                            "login": "jstandring-gds",
                            "name": "",
                            "public_gists": "0",
                            "public_repos": "1",
                            "site_admin": "false",
                            "ssh_keys.#": "3",
                            "ssh_keys.0": "ssh-rsa AAAAB3NzaC1yc2EAAAADAQABAAACAQDfKpwdgfIVnYCCIkcE29Q3ykt4XpEbfMu7r5GdCPCvhK2MNB4W24qWB2KMdArdBLomjDN30+0Lo5g2oppXIu0mssTdsOcdyhv5TfW9hROwTa0gcsjHis2HrkwUMJzhP2+Mluaajyt/ewSIONWdCVLTSEOnbg+Pco599ynX5IVjcCk0ne/TAqK3YY6iWDxUNunfRHO+BuDxO10bWHun/euv0y0faKSzI0f6dmeZy4Ku95DlaS8N87B1GN2p5PBYkUG8gETRYzfZgK9Clc5RR7dIQ2uXGAqXa3uPjDkyL6mGT3gA+udRPuZdv9nEP+fx5FixTtqeHnNhsuDiBreSYeZzr4zHwGpRIyA1v661zaNPUOqdmsI9zABFOXm69JdiXcMKsMX4IBpVQsO7h9JyTRjnNH+wRSNPPOjRZWhIZoxtEEH2W7fAH75chwFnUx61sKdJRtTKIv6pDDsYjwAn7Xi7F4bCC2pFlr9tR6WnXoXPcpIyQOcYwDm1FdRNLWKB2yAae9LFKPR14Y/C6QW4H5DKNOGm7rFJqi2219qqO0saCyMjjI0NtKOmXFKEZl0U+gWT925WplSbPz/RHLLC4anOvH6Nou+v/conh5wZFs3y7yzUeIf14NvBl6ulJPXyIQaQzyKXzWktCdVkCw8aKLk5fmsXoU8lndMR9BCBB5jCHQ==",
                            "ssh_keys.1": "ssh-rsa AAAAB3NzaC1yc2EAAAADAQABAAACAQDIkDGmQFdrCcJqEsOOcmdi7sYajA92epeBoG9EB83Fe5h4CY+dLIOBFbdbeKTCwrM9joOUUBXI85smv9L7rJ/oB/iRKIoP93OncEhquIgR/wym4YbKGcGa75gljBCPxpYDsb3VhI5etF3+oz5icfs5k3wOL9pokknzk/YG0XdCo6iHSwwITDemAERygSLBimMA7IpXuP9zQELxI6ZacBJGZyBwJ9cNqz9zPh/UIimhrXa7qeYbehNvUE0S2kwarUdsMt4+7ClssXiYp2QBTjqRmjTKC6XgkN+wHIpLzv0tDOVD4jH+CV7pw8LpC6ePhWf0l9j8SR0OPpyyvCN7BdN3IrUMmJzNTkZlqBlQdp3QuV+GB8yiXRgSkwqVYxFrTZT5FArXUUYdqk77/7kRNzBBUChi5KXqqlq5QRkhc7dtkXHi3ptrmC7OEurmDrKjW3dhDHPNc6VNaf6SCiR6xtk0F/ju1JQ1jTYMI3kB/X0LbS05qgD9mgQkuzwdhQhG4pJvvdo60d/+fqpYeThVz63GdS/t2RdrfCwiE5GSO/UsoRQg3zjJkZiZmUKtK9yL6n46bhH4AHYGdLXdIAhZJwqo6cap390MVgeUSWFxiGVTg9qvW7PSpEGCtFzRSpLGiL5gaojQR9ikEwRvJJ4Qv511pt4/psuDgi/NbVhvxSX16Q==",
                            "ssh_keys.2": "ssh-rsa AAAAB3NzaC1yc2EAAAADAQABAAACAQC5GomN8xUQ6zn1fQ4HOs9dvpl9JbRGApV0/lAv4GYNHRjJ8K5AMijAuPJ+Uz9hUQI5OI14BKSHN4QYgLfLgFuF5PecNAOmHU8ktQEWre0t8SL78SrQfLoj6kVeAGY73Cvzi1ZakB9kt8kyAAYRUSIcD23U4OqR/qpE0feJRnS/YuKesz7rX1njJOuScuq/eDbQZbYpq1b04OPwFyAzOEZFdmfXZ/gQZzALGz5AGv0HHRwsBglgikZalc17GpJl2SjG7fxOHh86Woj/m7N1CJZzJH0ew5jYq6/vOzUhmddMQMClBGERjCLwnDpl8mG/ELvMnBo4csynKXP+oFgrbkshuW54uS4lhuywfnqMfU/NWVnch3knQZs7uLyus9KWsYQGcFEhs+1ozk+URoGLk4XLF507I14TW2HTux6eomEiuMEmdblvUwcFEqhqh0ygLkBN0cf/R1GnwYoOLnRTK7gQOKAwy1qnStxo3F8sz+hkR8bqNlC3wZWj0641MgXEDab7BTUrvsFv7cto6XW9CbbuRukKQJYZB4fGC/gEsWimJLGWM1fVTVtjvGo3XDodl51Q4kHOn7wql/JKbkzexggb+p5rdwSXn9+kHB0QREUCqcrRb5TLjyBdandQCMfyvhBl0N+TSqZys0lmYQn0bsbe6WYFm44Zpk0GAaFFRG0vKQ==",
                            "username": "jstandring-gds"
                        },
                        "meta": {},
                        "tainted": false
                    },
                    "deposed": [],
                    "provider": "provider.github"
                },
                "github_membership.org_membership": {
                    "type": "github_membership",
                    "depends_on": [],
                    "primary": {
                        "id": "alphagov:jstandring-gds",
                        "attributes": {
                            "etag": "W/\"055dc9b6b9c08f8979659b1f257f454b\"",
                            "id": "alphagov:jstandring-gds",
                            "role": "member",
                            "username": "jstandring-gds"
                        },
                        "meta": {},
                        "tainted": false
                    },
                    "deposed": [],
                    "provider": "provider.github"
                },
                "github_team_membership.team_membership.0": {
                    "type": "github_team_membership",
                    "depends_on": [],
                    "primary": {
                        "id": "2826127:jstandring-gds",
                        "attributes": {
                            "etag": "W/\"d038e35226e2681b60273817454fb6c0\"",
                            "id": "2826127:jstandring-gds",
                            "role": "member",
                            "team_id": "2826127",
                            "username": "jstandring-gds"
                        },
                        "meta": {},
                        "tainted": false
                    },
                    "deposed": [],
                    "provider": "provider.github"
                },
                "github_team_membership.team_membership.1": {
                    "type": "github_team_membership",
                    "depends_on": [],
                    "primary": {
                        "id": "2826126:jstandring-gds",
                        "attributes": {
                            "etag": "W/\"0b60d1242244266c5ed94c9c943ae6cc\"",
                            "id": "2826126:jstandring-gds",
                            "role": "member",
                            "team_id": "2826126",
                            "username": "jstandring-gds"
                        },
                        "meta": {},
                        "tainted": false
                    },
                    "deposed": [],
                    "provider": "provider.github"
                },
                "github_team_membership.team_membership.2": {
                    "type": "github_team_membership",
                    "depends_on": [],
                    "primary": {
                        "id": "2826120:jstandring-gds",
                        "attributes": {
                            "etag": "W/\"df74cee733334d3f024eaeda948c1a81\"",
                            "id": "2826120:jstandring-gds",
                            "role": "member",
                            "team_id": "2826120",
                            "username": "jstandring-gds"
                        },
                        "meta": {},
                        "tainted": false
                    },
                    "deposed": [],
                    "provider": "provider.github"
                },
                "github_team_membership.team_membership.3": {
                    "type": "github_team_membership",
                    "depends_on": [],
                    "primary": {
                        "id": "2826125:jstandring-gds",
                        "attributes": {
                            "etag": "W/\"38e8993679101dbeb5861af9a0f2d2f8\"",
                            "id": "2826125:jstandring-gds",
                            "role": "member",
                            "team_id": "2826125",
                            "username": "jstandring-gds"
                        },
                        "meta": {},
                        "tainted": false
                    },
                    "deposed": [],
                    "provider": "provider.github"
                },
                "github_team_membership.team_membership.4": {
                    "type": "github_team_membership",
                    "depends_on": [],
                    "primary": {
                        "id": "2915524:jstandring-gds",
                        "attributes": {
                            "etag": "W/\"4167cacaee0643008c2fbaf675028774\"",
                            "id": "2915524:jstandring-gds",
                            "role": "member",
                            "team_id": "2915524",
                            "username": "jstandring-gds"
                        },
                        "meta": {},
                        "tainted": false
                    },
                    "deposed": [],
                    "provider": "provider.github"
                }
            },
            "depends_on": []
        },
        {
            "path": [
                "root",
                "user_karlbaker02"
            ],
            "outputs": {},
            "resources": {
                "data.github_user.user": {
                    "type": "github_user",
                    "depends_on": [],
                    "primary": {
                        "id": "5422487",
                        "attributes": {
                            "avatar_url": "https://avatars2.githubusercontent.com/u/5422487?v=4",
                            "bio": "",
                            "blog": "",
                            "company": "",
                            "email": "",
                            "followers": "3",
                            "following": "4",
                            "gpg_keys.#": "0",
                            "gravatar_id": "",
                            "id": "5422487",
                            "location": "",
                            "login": "karlbaker02",
                            "name": "Karl Baker",
                            "public_gists": "2",
                            "public_repos": "13",
                            "site_admin": "false",
                            "ssh_keys.#": "2",
                            "ssh_keys.0": "ssh-rsa AAAAB3NzaC1yc2EAAAADAQABAAACAQCo6AI0U+VFs2dkrwNDMKcU7j5lhSPFDuboQrsGyC1tv8aUBlCSfVDaPRPT20lYANN7tFgQD9mKXaMlUd9bCJJFs7L3CbE+/kSQCE85rfPFDaTMb3/WzYzwMjDD05pRtvdBwmkS6o8IFA4Yyd29qahYhnrO3jexBIZnNdM4nWZCac+nX/8bWckPOGWIR7fTNWoS8C8tioiUDqa/ZflzGqA0NKv7M0I1kwKqHt25FHaqZxnGmnKEC9QIUGbS4cC1cJQ2AO3NqJGPWhb39QrZwvv+Juh9rU3vuohDfx7Xm1Lh8NMVf3+c1vNTcK+DvaGGLZJ20JUBXlRRFFviLo9eaaf5fHIn5bM9aKFwxoPZtlj73FQpv04bUJf/LlbnGgLeW+B6Pl2w2qFp3u5p5NtvPEnLLPm4ljiPsJwl6vdmZy/xLc8/Ze0xyOeMaENm9MFK8BykgBqXqmEsSntvryP2fp1LgwDOt9ufLpF+yLq6hXl/JKYDJZiCTUjpwSbO/GRbsf2PCjzcwLxKIru3QtR9IZmiopeYRbDvH6Zofs/4M4mQVlBv15CKthVSTwwvcb9vOQyRa2uRW6FkY//g04+2yXpU742Cuh0CgNUd1fJ/vO3kCO0Fup/m3M0B7Vsr4NE5/0XdZSXOd5sF9oB4uVh9vE7apD0+hGbeQHzXz5cRNn52KQ==",
                            "ssh_keys.1": "ssh-rsa AAAAB3NzaC1yc2EAAAADAQABAAACAQCqeUIJsHcR3We6lgpqhSkGZMn+JdkltVsDoTCzn2+X6jcHKWdL96n+FXiRl3pCDUmkDKiY4Dy9nwsFlRkL87zO/dN87hCVdWWuqNXrXVmhK3fV6C+ax0oYRpAfh7o79220YC/8jv/gODnTQt/UnsXI1Z1mtDBZ77dHWsoWv24WVOuLyDl7UQ5hMX+sKbopqtNEJQjMpwNZZFWzsbiiqaU52eNDuRJbQqFMYSPZyL884+QsITkDcD7/qV3QAzsmEcznDCD9d25z5z/nTO++wrCTjOGgphD2UtBsaRVZnJ94YDezAhxodX6s/Rz4EAsZnB9iQTRIbbWmjf9zj81D0vx4qxNX/RoQQYfqCf61WVLjnk1fRZw//XWThImKaytfH8jaXDreTp6ldVIcZoiIQEhC+0tZqgxBVE7CrFJ2s+vwHcLKaK3Pu7ebQfB9KyhJZte2mP3hDGAXbnSgurvvXPKodctBKMXrv8N74tktwiL52pS2T1KvGs0EYQhLRynFpufHyQny6hACrZjTxYNJO/xXCO9Mdnq/bJwImUH8tg3oTqaLOehC6FFKWkz8xNh/X0tpBH3j3IJBzEXrBI9ojnL9rjMlSPCJC/sVlHc0+32R4a4Vu4vjCr80R7rYaZ27AptAquI4tptgMQJEkUUL+vYho6tkEHiSrp/PA6E+7kEV5Q==",
                            "username": "karlbaker02"
                        },
                        "meta": {},
                        "tainted": false
                    },
                    "deposed": [],
                    "provider": "provider.github"
                },
                "github_membership.org_membership": {
                    "type": "github_membership",
                    "depends_on": [],
                    "primary": {
                        "id": "alphagov:karlbaker02",
                        "attributes": {
                            "etag": "W/\"feb7f16f3ede7226c35ae333ccc19684\"",
                            "id": "alphagov:karlbaker02",
                            "role": "member",
                            "username": "karlbaker02"
                        },
                        "meta": {},
                        "tainted": false
                    },
                    "deposed": [],
                    "provider": "provider.github"
                },
                "github_team_membership.team_membership.0": {
                    "type": "github_team_membership",
                    "depends_on": [],
                    "primary": {
                        "id": "2826122:karlbaker02",
                        "attributes": {
                            "etag": "W/\"70abc679d26c1288bdd6f8f6abc59de7\"",
                            "id": "2826122:karlbaker02",
                            "role": "member",
                            "team_id": "2826122",
                            "username": "karlbaker02"
                        },
                        "meta": {},
                        "tainted": false
                    },
                    "deposed": [],
                    "provider": "provider.github"
                },
                "github_team_membership.team_membership.1": {
                    "type": "github_team_membership",
                    "depends_on": [],
                    "primary": {
                        "id": "2826127:karlbaker02",
                        "attributes": {
                            "etag": "W/\"4cfcbbc50144153f2282e6698eb8045d\"",
                            "id": "2826127:karlbaker02",
                            "role": "member",
                            "team_id": "2826127",
                            "username": "karlbaker02"
                        },
                        "meta": {},
                        "tainted": false
                    },
                    "deposed": [],
                    "provider": "provider.github"
                },
                "github_team_membership.team_membership.2": {
                    "type": "github_team_membership",
                    "depends_on": [],
                    "primary": {
                        "id": "2826126:karlbaker02",
                        "attributes": {
                            "etag": "W/\"77652e2d7b569e5632b055fa3b1268c7\"",
                            "id": "2826126:karlbaker02",
                            "role": "member",
                            "team_id": "2826126",
                            "username": "karlbaker02"
                        },
                        "meta": {},
                        "tainted": false
                    },
                    "deposed": [],
                    "provider": "provider.github"
                },
                "github_team_membership.team_membership.3": {
                    "type": "github_team_membership",
                    "depends_on": [],
                    "primary": {
                        "id": "2826123:karlbaker02",
                        "attributes": {
                            "etag": "W/\"021f981debe63394e695aae371878c39\"",
                            "id": "2826123:karlbaker02",
                            "role": "member",
                            "team_id": "2826123",
                            "username": "karlbaker02"
                        },
                        "meta": {},
                        "tainted": false
                    },
                    "deposed": [],
                    "provider": "provider.github"
                },
                "github_team_membership.team_membership.4": {
                    "type": "github_team_membership",
                    "depends_on": [],
                    "primary": {
                        "id": "2826125:karlbaker02",
                        "attributes": {
                            "etag": "W/\"78e5db4c7dddd7126abcc811661ac2e1\"",
                            "id": "2826125:karlbaker02",
                            "role": "member",
                            "team_id": "2826125",
                            "username": "karlbaker02"
                        },
                        "meta": {},
                        "tainted": false
                    },
                    "deposed": [],
                    "provider": "provider.github"
                },
                "github_team_membership.team_membership.5": {
                    "type": "github_team_membership",
                    "depends_on": [],
                    "primary": {
                        "id": "2915524:karlbaker02",
                        "attributes": {
                            "etag": "W/\"0001c79fab704fb44c4a9a8dace0a49f\"",
                            "id": "2915524:karlbaker02",
                            "role": "member",
                            "team_id": "2915524",
                            "username": "karlbaker02"
                        },
                        "meta": {},
                        "tainted": false
                    },
                    "deposed": [],
                    "provider": "provider.github"
                }
            },
            "depends_on": []
        },
        {
            "path": [
                "root",
                "user_kerrr"
            ],
            "outputs": {},
            "resources": {
                "data.github_user.user": {
                    "type": "github_user",
                    "depends_on": [],
                    "primary": {
                        "id": "1562584",
                        "attributes": {
                            "avatar_url": "https://avatars2.githubusercontent.com/u/1562584?v=4",
                            "bio": "",
                            "blog": "",
                            "company": "",
                            "email": "kerr.rainey@gmail.com",
                            "followers": "0",
                            "following": "0",
                            "gpg_keys.#": "0",
                            "gravatar_id": "",
                            "id": "1562584",
                            "location": "",
                            "login": "kerrr",
                            "name": "Kerr Rainey",
                            "public_gists": "0",
                            "public_repos": "0",
                            "site_admin": "false",
                            "ssh_keys.#": "1",
                            "ssh_keys.0": "ssh-rsa AAAAB3NzaC1yc2EAAAADAQABAAACAQClEO9KP57smJXSDiscW7iV6eZBBwDpmg4nQus7ssrUmaidhHTkDGET7Kk9wrrcHc8NIHrbk0KdCWO1AuV+oSJa85MNhRafhKPwexkxiidwbLBWq4+ZOE29lN40gtkEqG9chPcCGzAIcnXXitsihpVh9p5wfnrUC/T5bsPIu7yx1hhbNYH5AA+WNqC1U+nDwB+jyYhf4iqOA4cx9xQ/Z6K7M+HtLmUbb+8tYPXdHZOKGx6s3VC0DLkZu727QiW6B3yUxi1AuCCV4zGsVOIDC6iM16RNwv/cCfQcNdCBkBAw2ZvQtyJEkwcH8zaIvgHGdp/WaQKy/oE2wL2yEvozVgnKVqafbNfwFP/Ezal4mHyWRH8LmYMaA2lquVZudCL6/Cn/RhhpcQYTFsUzd3523HpNKu3IMetKZdwj3b8j98PLwgXApMVN04m/Fq/642ki9l9UGUVqGJxrUrVCFEJDZI+0NTU+ke77rLfHL2KIMqYAn7ogRFMMRXtgHf+khJ1MKZa8mbDgef+OWe4JahqjggIGHNWsvwWrU7Iop2SlfygXHN/CSoJtVxoZSpK35ehV9rDyxGuCsWAOdROMDzHuz2X008BW/8+kxMvHvT4kZD+Wjh/xsIKZ44pc+zP7WwE0mBuRSGSuASf3kjsV0mQnzcmjF1nnbx+pf7lx5ab8XAzREw==",
                            "username": "kerrr"
                        },
                        "meta": {},
                        "tainted": false
                    },
                    "deposed": [],
                    "provider": "provider.github"
                },
                "github_membership.org_membership": {
                    "type": "github_membership",
                    "depends_on": [],
                    "primary": {
                        "id": "alphagov:kerrr",
                        "attributes": {
                            "etag": "W/\"641d1f77fafec9159142a6f64c0758cd\"",
                            "id": "alphagov:kerrr",
                            "role": "member",
                            "username": "kerrr"
                        },
                        "meta": {},
                        "tainted": false
                    },
                    "deposed": [],
                    "provider": "provider.github"
                },
                "github_team_membership.team_membership.0": {
                    "type": "github_team_membership",
                    "depends_on": [],
                    "primary": {
                        "id": "2826122:kerrr",
                        "attributes": {
                            "etag": "W/\"e3464de1e119cfa4d4447c24f12d9a50\"",
                            "id": "2826122:kerrr",
                            "role": "member",
                            "team_id": "2826122",
                            "username": "kerrr"
                        },
                        "meta": {},
                        "tainted": false
                    },
                    "deposed": [],
                    "provider": "provider.github"
                },
                "github_team_membership.team_membership.1": {
                    "type": "github_team_membership",
                    "depends_on": [],
                    "primary": {
                        "id": "2826123:kerrr",
                        "attributes": {
                            "etag": "W/\"83c219417855b4a9022113b9b44bc85d\"",
                            "id": "2826123:kerrr",
                            "role": "member",
                            "team_id": "2826123",
                            "username": "kerrr"
                        },
                        "meta": {},
                        "tainted": false
                    },
                    "deposed": [],
                    "provider": "provider.github"
                },
                "github_team_membership.team_membership.2": {
                    "type": "github_team_membership",
                    "depends_on": [],
                    "primary": {
                        "id": "2826125:kerrr",
                        "attributes": {
                            "etag": "W/\"427db56d68eaac62d60a2f2a4e3ad2ad\"",
                            "id": "2826125:kerrr",
                            "role": "member",
                            "team_id": "2826125",
                            "username": "kerrr"
                        },
                        "meta": {},
                        "tainted": false
                    },
                    "deposed": [],
                    "provider": "provider.github"
                },
                "github_team_membership.team_membership.3": {
                    "type": "github_team_membership",
                    "depends_on": [],
                    "primary": {
                        "id": "2915524:kerrr",
                        "attributes": {
                            "etag": "W/\"6b5e3d011240c8da44a196de3c235f69\"",
                            "id": "2915524:kerrr",
                            "role": "member",
                            "team_id": "2915524",
                            "username": "kerrr"
                        },
                        "meta": {},
                        "tainted": false
                    },
                    "deposed": [],
                    "provider": "provider.github"
                }
            },
            "depends_on": []
        },
        {
            "path": [
                "root",
                "user_kgarwood"
            ],
            "outputs": {},
            "resources": {
                "data.github_user.user": {
                    "type": "github_user",
                    "depends_on": [],
                    "primary": {
                        "id": "7047139",
                        "attributes": {
                            "avatar_url": "https://avatars2.githubusercontent.com/u/7047139?v=4",
                            "bio": "",
                            "blog": "https://uk.linkedin.com/in/kevin-garwood-6b6a53",
                            "company": "Government Digital Services",
                            "email": "",
                            "followers": "4",
                            "following": "0",
                            "gpg_keys.#": "0",
                            "gravatar_id": "",
                            "id": "7047139",
                            "location": "London, UK",
                            "login": "kgarwood",
                            "name": "Kevin Garwood",
                            "public_gists": "0",
                            "public_repos": "5",
                            "site_admin": "false",
                            "ssh_keys.#": "1",
                            "ssh_keys.0": "ssh-rsa AAAAB3NzaC1yc2EAAAADAQABAAACAQC+EhOj1G/au6/7APLts0wINF6uU5S3AyH5Ti5dBQbir3oIAz9+OFmeiet3chUt8yaXjIZmF/7BgurzY9QRMvyX7YtuFNCohuGgcM5/1elgcQQlarYaeAQLSy6AwtaofIaGGSGua655ehKZHbw/veq0ogV2hstVNCKF7jrinoSvb/3bOQfi/tmh/hIwIyF13C8+uwXMrKpDC0UmPVQhcRf1RIsMkodYCAVf3Wo8aJmhzKQmNccuGSCu2LwUbHSwFMEMpLjq3172lhsirGIHgSs0u+lKAzAZNTOWagDC8nRlfnmUlL0D8hadW3qA69fds6fq4dJtnF2T/HJpwsIXerDKnK0tjcWlO7/s9B9KGB39OiOI0qxJJem2Z0hQwxODk6E+t5GGeMVusgi93/q6q6qJAHXwPBb2edUKH1KoHWZeds64VbwSWQcpfUlU3ztTCQF23WyrOggijjEoALPRmm1gZbBUT5mMfvCzqWdYQ0x6wNwS9JiH0T0I/cIjGBC6z+XB3oDio8I86VwV0kFFCEqQutGQjPTM1gAIT2+mOvfsf3e4KLQABtqjGrT7Fb3Ny6qmzpEf5pu9ZVR8yyxDXd5VIq4UbMNa8aXChy1L4DVk4CLrGpYyywRjt2QXe796sl+CnEncDdUwZD8IIjmdcXE5L6Rppm8mWdcCKbeRqlQmGQ==",
                            "username": "kgarwood"
                        },
                        "meta": {},
                        "tainted": false
                    },
                    "deposed": [],
                    "provider": "provider.github"
                },
                "github_membership.org_membership": {
                    "type": "github_membership",
                    "depends_on": [],
                    "primary": {
                        "id": "alphagov:kgarwood",
                        "attributes": {
                            "etag": "W/\"0ac50547b436203d75a669cfcbdb9872\"",
                            "id": "alphagov:kgarwood",
                            "role": "member",
                            "username": "kgarwood"
                        },
                        "meta": {},
                        "tainted": false
                    },
                    "deposed": [],
                    "provider": "provider.github"
                },
                "github_team_membership.team_membership.0": {
                    "type": "github_team_membership",
                    "depends_on": [],
                    "primary": {
                        "id": "2826122:kgarwood",
                        "attributes": {
                            "etag": "W/\"fbc806af1e6cf6f38133efb8159504fe\"",
                            "id": "2826122:kgarwood",
                            "role": "member",
                            "team_id": "2826122",
                            "username": "kgarwood"
                        },
                        "meta": {},
                        "tainted": false
                    },
                    "deposed": [],
                    "provider": "provider.github"
                },
                "github_team_membership.team_membership.1": {
                    "type": "github_team_membership",
                    "depends_on": [],
                    "primary": {
                        "id": "2826121:kgarwood",
                        "attributes": {
                            "etag": "W/\"f5413d5bc3bcaa9f5fc04778d3b5899f\"",
                            "id": "2826121:kgarwood",
                            "role": "member",
                            "team_id": "2826121",
                            "username": "kgarwood"
                        },
                        "meta": {},
                        "tainted": false
                    },
                    "deposed": [],
                    "provider": "provider.github"
                },
                "github_team_membership.team_membership.2": {
                    "type": "github_team_membership",
                    "depends_on": [],
                    "primary": {
                        "id": "2826120:kgarwood",
                        "attributes": {
                            "etag": "W/\"ca8f9da17dc82739535b3be7fb4a34e3\"",
                            "id": "2826120:kgarwood",
                            "role": "member",
                            "team_id": "2826120",
                            "username": "kgarwood"
                        },
                        "meta": {},
                        "tainted": false
                    },
                    "deposed": [],
                    "provider": "provider.github"
                },
                "github_team_membership.team_membership.3": {
                    "type": "github_team_membership",
                    "depends_on": [],
                    "primary": {
                        "id": "2826126:kgarwood",
                        "attributes": {
                            "etag": "W/\"89c63584807fef9b4e306b3f8d340d91\"",
                            "id": "2826126:kgarwood",
                            "role": "member",
                            "team_id": "2826126",
                            "username": "kgarwood"
                        },
                        "meta": {},
                        "tainted": false
                    },
                    "deposed": [],
                    "provider": "provider.github"
                },
                "github_team_membership.team_membership.4": {
                    "type": "github_team_membership",
                    "depends_on": [],
                    "primary": {
                        "id": "2826123:kgarwood",
                        "attributes": {
                            "etag": "W/\"89f03c7e14299fa13283b8e25c2e4f77\"",
                            "id": "2826123:kgarwood",
                            "role": "member",
                            "team_id": "2826123",
                            "username": "kgarwood"
                        },
                        "meta": {},
                        "tainted": false
                    },
                    "deposed": [],
                    "provider": "provider.github"
                },
                "github_team_membership.team_membership.5": {
                    "type": "github_team_membership",
                    "depends_on": [],
                    "primary": {
                        "id": "2826125:kgarwood",
                        "attributes": {
                            "etag": "W/\"981d9c35b2a449f06ca87914d29f12ba\"",
                            "id": "2826125:kgarwood",
                            "role": "member",
                            "team_id": "2826125",
                            "username": "kgarwood"
                        },
                        "meta": {},
                        "tainted": false
                    },
                    "deposed": [],
                    "provider": "provider.github"
                },
                "github_team_membership.team_membership.6": {
                    "type": "github_team_membership",
                    "depends_on": [],
                    "primary": {
                        "id": "2915524:kgarwood",
                        "attributes": {
                            "etag": "W/\"c13b8c72d6e1a8e9d130c126a20137ab\"",
                            "id": "2915524:kgarwood",
                            "role": "member",
                            "team_id": "2915524",
                            "username": "kgarwood"
                        },
                        "meta": {},
                        "tainted": false
                    },
                    "deposed": [],
                    "provider": "provider.github"
                }
            },
            "depends_on": []
        },
        {
            "path": [
                "root",
                "user_mariaslo"
            ],
            "outputs": {},
            "resources": {
                "data.github_user.user": {
                    "type": "github_user",
                    "depends_on": [],
                    "primary": {
                        "id": "33223580",
                        "attributes": {
                            "avatar_url": "https://avatars3.githubusercontent.com/u/33223580?v=4",
                            "bio": "",
                            "blog": "",
                            "company": "",
                            "email": "",
                            "followers": "0",
                            "following": "0",
                            "gpg_keys.#": "0",
                            "gravatar_id": "",
                            "id": "33223580",
                            "location": "",
                            "login": "Mariaslo",
                            "name": "",
                            "public_gists": "0",
                            "public_repos": "2",
                            "site_admin": "false",
                            "ssh_keys.#": "1",
                            "ssh_keys.0": "ssh-rsa AAAAB3NzaC1yc2EAAAADAQABAAACAQCwQ4SPq8K6hKA6NuQ/fmQHbIPZzABJRapcSA2PDtAUOu6DpmwlCgM0yJhVi80pYNU+/ZtwHFuzPZ0est/2hZDYlTng7PNO3BOmLj4iLbJFaXMaSPBkZGMfP0aFqJ/wqw5JJtwCRdm3pBw0FfyrFgAETIBDSGphcJ6F7W3bAKTre7TY4vU37hFJm4jcnk9LBUXS3rS0IhDgri7weuKvcsfWT5f10/4JXwH9bwnvldwUmdmwGgOcgZrFr4rmLa/R2AAhzAbhCCH4YfQbw62lurKwIuufnq7KpDqoblpbDrf5uT0gzAkOv+Ck7BEO+pMoXhdmPgzIF8/5JwSNaYOtcLSXKhjoOmeSoRNmPaiCtjTjyjFd1LNR1+vTmx7LWExAlgp9mCkKymd4dy2cN4kU5Q9yIVVgNZfkwXGNT7D0dcw1rfb05A7ubUcv0bM73Oxu/b8PszMKx07Y175eEoPlcx1KYfwSrfQE/4E9cjj4aUaj/4nkfQRad6mExNqLaC4aPWj2CMO3HPkLhdeGIgmXAIH7sY/wl0kEVL+brKNeBfxlozuzfqJh4r5VQhw4dZTzXMIjgBKIbdbQBCJbls2LZtaCbZPbHVjyr7Y24Ke6nzvNSF5MkQcBaiPhX4AKwaHSp+p2lRTLzvp9ezncIeNWAGxWfAg3DGObcHhWKDBjuSHqWQ==",
                            "username": "Mariaslo"
                        },
                        "meta": {},
                        "tainted": false
                    },
                    "deposed": [],
                    "provider": "provider.github"
                },
                "github_membership.org_membership": {
                    "type": "github_membership",
                    "depends_on": [],
                    "primary": {
                        "id": "alphagov:Mariaslo",
                        "attributes": {
                            "etag": "W/\"17a898727606f7df49cc4306760bf0e5\"",
                            "id": "alphagov:Mariaslo",
                            "role": "member",
                            "username": "Mariaslo"
                        },
                        "meta": {},
                        "tainted": false
                    },
                    "deposed": [],
                    "provider": "provider.github"
                },
                "github_team_membership.team_membership": {
                    "type": "github_team_membership",
                    "depends_on": [],
                    "primary": {
                        "id": "2826124:mariaslo",
                        "attributes": {
                            "etag": "W/\"0f0d20da7393c49dc40d04eebdc90527\"",
                            "id": "2826124:mariaslo",
                            "role": "member",
                            "team_id": "2826124",
                            "username": "Mariaslo"
                        },
                        "meta": {},
                        "tainted": false
                    },
                    "deposed": [],
                    "provider": "provider.github"
                }
            },
            "depends_on": []
        },
        {
            "path": [
                "root",
                "user_matthewcullum_gds"
            ],
            "outputs": {},
            "resources": {
                "data.github_user.user": {
                    "type": "github_user",
                    "depends_on": [],
                    "primary": {
                        "id": "37868172",
                        "attributes": {
                            "avatar_url": "https://avatars0.githubusercontent.com/u/37868172?v=4",
                            "bio": "",
                            "blog": "",
                            "company": "",
                            "email": "",
                            "followers": "0",
                            "following": "0",
                            "gpg_keys.#": "1",
                            "gpg_keys.0": "xsFNBFsCgjQBEACcGLIHHMkBL5qD9LXfCM49exJ2F1y7qbxbQyGOO1vh4T/S0pSEnq+mSgRfN/Noj8zAteHxm00qAiilQOr5JGyIsf5z10gZDtA8BdSdkJIDI6FjVeHc35UDQI2sfgh/aUZUJe2a4Xfji/4hv6FnpVrTuRYLWpQ4H1m2QvdM3KN2YzJ3+130aMtxSmVutXHll5VsOaErUcEcXsYaTtHsBvas+RcEbi7OmPAc2DAUo2GrCGz6Ml2faF7SO+eJYGSxqRBkLLcl8eVPNow22EHb0zc8ZCxgLE2VmFx6JSnMnYbrqr4Nd3dTHLh1BP/jCekUSSzj1713PNrGgBql4nTC3zBAMMTqLpRfCr0J5uqpZ8n9ck0yTRPPXdcFpjImOqoKSyQVI00kQUdJvGx81QOhovkoSY8LF1DgfzGcBlPhkP1R5jOtLXPWd+CkgcRuyfGK/tHWizPewepyfVI1zo2ImMAIucxQ2ByRq6HJi/ABexsj9WkR5YIQ1+rGvYx0vOgVTgfZeNtc6IR5GQJnTph1N0gt91KDby1YPIEN7DJmTlOS3CsBaiU3aMZKy+VR9smiqYCIS9nRD61H20Ot3Ca8SluYbRs3LnXDx09wEMAbxAPRILwIL4KH/NLxsuGXGsXuGEpHXdqw3uBRpCmQwG09jhvr1iOfqYZ7GhXj0TTBROvOYQARAQAB",
                            "gravatar_id": "",
                            "id": "37868172",
                            "location": "",
                            "login": "matthewcullum-gds",
                            "name": "",
                            "public_gists": "0",
                            "public_repos": "1",
                            "site_admin": "false",
                            "ssh_keys.#": "2",
                            "ssh_keys.0": "ssh-rsa AAAAB3NzaC1yc2EAAAADAQABAAABAQC3M+ZIo+u/zVY0ahYNYTiUo5PX+IB+2fSKXMSH/n8ujbejHsjZ6zEDDRsAv24znP3D7wAgLdvNwWAp1we4KPMjav+VRwcxiPUrJ5B2yPuVT8tLXRABklEC3ibh8KHyU0S+AiQTiGqBmBTuy3rr4OvysHe2dDjrQYhxFNCRQsH5nHmItGwojZrxoETIbNkVachg/XAgP5UP1ycTGvTX5I4cUziZsxvIDtTGG/Htui0KXtaVOAv06mqzXhXCSX2SU5XaoQX4qd4hIr3HcZNMC9kZ0YCqz3EBkzg5Tyygsw5eTKzZg2uLCpF5IToWPJ0WXd+ws7aJDx1FmCcMpRIwOKX5",
                            "ssh_keys.1": "ssh-rsa AAAAB3NzaC1yc2EAAAADAQABAAACAQC27LQa2xhYlAy9a7hnvB3Fa5i8aYV3YoKuhQehuRaLhsA2DLT5dpC1xpAXMVnRuPkgrkgauG+bi5plkuvtiM112a142EOWETot+VHWJthbATw+oWc354amYzrEb3BnW1mbO60ZivoRZ7Gx6vwKv33SQoMa+vCWZ6iXOMs7o4bgWJjQtvb3vdasUzePBgL0cQvp6YBpG11TJlgsq1IIs7K6VeOMTtk8TEA0f/RhyG/xIHaRtT6RIvWICgdkttHQavJds25plLHlXGRF1YYyHGospgRdSgqhhBVRqKYY7kfILSqfR7IjUh9mh44V2P7d1WdRSW1f36YgKn3kLiGWI4DQs9ZnDI78FEUGf7ZwbHPeeKpxHj6ndM1Njl7HJU7+LJ+kL6eI1FVfH2FTB1uACRd4t+4VV+D5ypSa1KE1s/TtqCGoLymw5DBIVgRvzqiLnUcbJTSpP3MCp2dPBfyx3bJw9YzR4y/YCYFEWA9u5v1U8LJK8fO+tk6rgvFtLtlehXMEYzTOXLZGkcudnt7tIhxlSWPmHhDkQdYuni5xLChb3Ee/x6JQTeLIPYTiES2sH5FeAzkckecqONlEJMqh/3vJHLGai+NmFklkG84Ifz5d3OCQ9kvHd7ywxGq0B4wSgWbPmYa6iCsYdY9DhAZ5jurUkVkU3I8uGhdY0nfLd64S+w==",
                            "username": "matthewcullum-gds"
                        },
                        "meta": {},
                        "tainted": false
                    },
                    "deposed": [],
                    "provider": "provider.github"
                },
                "github_membership.org_membership": {
                    "type": "github_membership",
                    "depends_on": [],
                    "primary": {
                        "id": "alphagov:matthewcullum-gds",
                        "attributes": {
                            "etag": "W/\"cadbbbf4a0fd6f1a152b11c41c0a2c45\"",
                            "id": "alphagov:matthewcullum-gds",
                            "role": "member",
                            "username": "matthewcullum-gds"
                        },
                        "meta": {},
                        "tainted": false
                    },
                    "deposed": [],
                    "provider": "provider.github"
                },
                "github_team_membership.team_membership.0": {
                    "type": "github_team_membership",
                    "depends_on": [],
                    "primary": {
                        "id": "2826127:matthewcullum-gds",
                        "attributes": {
                            "etag": "W/\"a52d43dcdc68db3a5acb3641813905da\"",
                            "id": "2826127:matthewcullum-gds",
                            "role": "member",
                            "team_id": "2826127",
                            "username": "matthewcullum-gds"
                        },
                        "meta": {},
                        "tainted": false
                    },
                    "deposed": [],
                    "provider": "provider.github"
                },
                "github_team_membership.team_membership.1": {
                    "type": "github_team_membership",
                    "depends_on": [],
                    "primary": {
                        "id": "2826126:matthewcullum-gds",
                        "attributes": {
                            "etag": "W/\"f0cc786e60cafa2150a72ae72d884262\"",
                            "id": "2826126:matthewcullum-gds",
                            "role": "member",
                            "team_id": "2826126",
                            "username": "matthewcullum-gds"
                        },
                        "meta": {},
                        "tainted": false
                    },
                    "deposed": [],
                    "provider": "provider.github"
                },
                "github_team_membership.team_membership.2": {
                    "type": "github_team_membership",
                    "depends_on": [],
                    "primary": {
                        "id": "2826120:matthewcullum-gds",
                        "attributes": {
                            "etag": "W/\"f72174fd8044bdadbb8108a67507bd7d\"",
                            "id": "2826120:matthewcullum-gds",
                            "role": "member",
                            "team_id": "2826120",
                            "username": "matthewcullum-gds"
                        },
                        "meta": {},
                        "tainted": false
                    },
                    "deposed": [],
                    "provider": "provider.github"
                },
                "github_team_membership.team_membership.3": {
                    "type": "github_team_membership",
                    "depends_on": [],
                    "primary": {
                        "id": "2826125:matthewcullum-gds",
                        "attributes": {
                            "etag": "W/\"6ae3db49f5c9e856cd1389064ad8456c\"",
                            "id": "2826125:matthewcullum-gds",
                            "role": "member",
                            "team_id": "2826125",
                            "username": "matthewcullum-gds"
                        },
                        "meta": {},
                        "tainted": false
                    },
                    "deposed": [],
                    "provider": "provider.github"
                },
                "github_team_membership.team_membership.4": {
                    "type": "github_team_membership",
                    "depends_on": [],
                    "primary": {
                        "id": "2915524:matthewcullum-gds",
                        "attributes": {
                            "etag": "W/\"0f502ec182bcda1ad2d28aff7c9bcf4d\"",
                            "id": "2915524:matthewcullum-gds",
                            "role": "member",
                            "team_id": "2915524",
                            "username": "matthewcullum-gds"
                        },
                        "meta": {},
                        "tainted": false
                    },
                    "deposed": [],
                    "provider": "provider.github"
                }
            },
            "depends_on": []
        },
        {
            "path": [
                "root",
                "user_mikieet"
            ],
            "outputs": {},
            "resources": {
                "data.github_user.user": {
                    "type": "github_user",
                    "depends_on": [],
                    "primary": {
                        "id": "5113818",
                        "attributes": {
                            "avatar_url": "https://avatars0.githubusercontent.com/u/5113818?v=4",
                            "bio": "",
                            "blog": "",
                            "company": "",
                            "email": "",
                            "followers": "0",
                            "following": "0",
                            "gpg_keys.#": "0",
                            "gravatar_id": "",
                            "id": "5113818",
                            "location": "",
                            "login": "mikieet",
                            "name": "Michael Thomas",
                            "public_gists": "0",
                            "public_repos": "21",
                            "site_admin": "false",
                            "ssh_keys.#": "2",
                            "ssh_keys.0": "ssh-rsa AAAAB3NzaC1yc2EAAAADAQABAAACAQC/q1hFn1zm6JC5NwwUPjCg2jVN2UqL8Gtyc7gFtoyRSBvBuh0nt5B9lq21MjRhvIscwWCOp3tlPf+FojJjL9OWr3+hn9s97GXfX1VVET8TEMxhDk59X7nWksuBGDty8OdP3Q2cRgdYTpLVZILhqVKRXOb1GahRYMiw/1WaKLqHeaNcfYIuz0GLFRA+o4MBtjc5Jy4sSi7w0LfMEbnEdPAR7vvLR3BUuYGtihDCagR2hd6W9TtuG3Nb7vWEojuNIIssp176ojMiGkATZ+fY91gsJok61LW+e2oLvWP4MaihA5nw5prQXJtgtgWCcQ1f4LDSOlv9zIay+H18xk7tfIOfyVxC8Kb00ldZ3t0lwV6bF6eitlwn40F05/54Gn1YkxBe5H1pnhHgpCsiGwhJzrGAiJazgENgFZN/wEk7ITRz51VuYzdzwcaZg6mwcDbf0nNS0B1p5rPXCTQCkyihDTqIxcSSPx2a78xBwD6DJbEGgG+Pyfe+pIOe/5JEMvy9QABo9FRsKweQ118ZbPclGELiRFuv8kRr6BWU6ye9cCsl6i/7AlXEmwOIvvZFFx6wDUYuas8GwzTKBFk0i0d9uQN5xtSVqyqa7FyWEBnLzU1aZWcNcLj+b9wNwHRhWnoZJdJ1eISWnNaKY/AG+CUDwIWTcc4ygsebRWd064JvVErIPQ==",
                            "ssh_keys.1": "ssh-rsa AAAAB3NzaC1yc2EAAAADAQABAAACAQDVHjywHqozX6offnI4QDcB9xvCka90xKMltuabMAdlqTlAO4YsnvDG/58/5W9J03/GE256PjdvtSwUObKqtvlw814tk9e5G3QJgH+Al8ZP+rN5yBGguUXgNLPZtK2RcPoPBOYyO///ph7ID2kt3GCK92EiFOBGRGPB5KuiXBomvlJARf64kxkIH8kJVXjknCGQo54IOL9e4rXmlKZuGQ6+tCnUBnp9IFzkxPgo50Qv/wmLbhAh6n3CsKO4uugyuIiYIrrjlqSREp9KBZs3AAB6P0FD3Ee4avc8SKANNNBmDJ82v9cn6KMBXHZDz0qdskXUZmbN9f3VyY7XpqK0No0rSbv5ovLpBMTzFVXyMAQJxoEZ3oMrHbHwc+2nz/5CR756qvwq4qbD6cNbpbRgNWYGS0hOUC+AXgfdrVoqM8zxV1Ax2oyuC28C7+AP/ox1W9eDl2QPS3IarqDmPJiWutjD5x3LoI4F8M2HCPIAHpPjmNBnabeUMPJqY9h/4dYG7za7u1axyJhLVkbRDCNffTQrv0SPqBL4xDfT1j5ZC00gGvRZhBf32oA7O+RbYMsIrdCGzt5HfVqjLs4QpRkRwQuDIrweEsznAUgVrTsf0WbFIsCqR4kuPgz9o29PmGG+9GjZRDV3G8fe8zsAWpxcPdsZeKiZh40ansvGxNv/7CZYWw==",
                            "username": "mikieet"
                        },
                        "meta": {},
                        "tainted": false
                    },
                    "deposed": [],
                    "provider": "provider.github"
                },
                "github_membership.org_membership": {
                    "type": "github_membership",
                    "depends_on": [],
                    "primary": {
                        "id": "alphagov:mikieet",
                        "attributes": {
                            "etag": "W/\"308e0dcc7bc9312b27bfc28d445514f8\"",
                            "id": "alphagov:mikieet",
                            "role": "member",
                            "username": "mikieet"
                        },
                        "meta": {},
                        "tainted": false
                    },
                    "deposed": [],
                    "provider": "provider.github"
                },
                "github_team_membership.team_membership.0": {
                    "type": "github_team_membership",
                    "depends_on": [],
                    "primary": {
                        "id": "2826122:mikieet",
                        "attributes": {
                            "etag": "W/\"ab2c0f4b54270cc15430e6654c2cf0ed\"",
                            "id": "2826122:mikieet",
                            "role": "member",
                            "team_id": "2826122",
                            "username": "mikieet"
                        },
                        "meta": {},
                        "tainted": false
                    },
                    "deposed": [],
                    "provider": "provider.github"
                },
                "github_team_membership.team_membership.1": {
                    "type": "github_team_membership",
                    "depends_on": [],
                    "primary": {
                        "id": "2826123:mikieet",
                        "attributes": {
                            "etag": "W/\"5eff1163b05c92367c9b178b16ff6fa1\"",
                            "id": "2826123:mikieet",
                            "role": "member",
                            "team_id": "2826123",
                            "username": "mikieet"
                        },
                        "meta": {},
                        "tainted": false
                    },
                    "deposed": [],
                    "provider": "provider.github"
                },
                "github_team_membership.team_membership.2": {
                    "type": "github_team_membership",
                    "depends_on": [],
                    "primary": {
                        "id": "2826125:mikieet",
                        "attributes": {
                            "etag": "W/\"f2dc09cd1cd218b8e598464b7dff680c\"",
                            "id": "2826125:mikieet",
                            "role": "member",
                            "team_id": "2826125",
                            "username": "mikieet"
                        },
                        "meta": {},
                        "tainted": false
                    },
                    "deposed": [],
                    "provider": "provider.github"
                },
                "github_team_membership.team_membership.3": {
                    "type": "github_team_membership",
                    "depends_on": [],
                    "primary": {
                        "id": "2915524:mikieet",
                        "attributes": {
                            "etag": "W/\"8852b00aa28464505ebbe29356253eb2\"",
                            "id": "2915524:mikieet",
                            "role": "member",
                            "team_id": "2915524",
                            "username": "mikieet"
                        },
                        "meta": {},
                        "tainted": false
                    },
                    "deposed": [],
                    "provider": "provider.github"
                }
            },
            "depends_on": []
        },
        {
            "path": [
                "root",
                "user_minhngocd"
            ],
            "outputs": {},
            "resources": {
                "data.github_user.user": {
                    "type": "github_user",
                    "depends_on": [],
                    "primary": {
                        "id": "568730",
                        "attributes": {
                            "avatar_url": "https://avatars0.githubusercontent.com/u/568730?v=4",
                            "bio": "",
                            "blog": "",
                            "company": "ThoughtWorks Inc",
                            "email": "mndang@thoughtworks.com",
                            "followers": "7",
                            "following": "4",
                            "gpg_keys.#": "1",
                            "gpg_keys.0": "xsFNBFu/iWUBEAC8gH/PLJpr8dOgYDhHkyOhdgbYUhdcRZgQCKjWFBLd0SvjomKQGZFFNlVjh3TrqiqMBsF6Ao0kE9A4SLhL1UvF8yW7VGauBvUHKq9DMgO9mz48clJwn0718Cnj+u1Qd0IDJXJ7dBNWVSs+9yyhMZ+a+KbPmYqeHyZlYb4lOWecw/1wcPWiix9UJnr0iYgEyDnVSafAZ6oVva/PS6LjeFyKW5O4eHHspCl7SYqdvL54+cMquUOXLFrcsCe0vLXb2+2+BcL2hSa09Z9UmVMIY/+zxFsJMfkmC9939vowYoz9Csf4YscjWaL2Q2sQ+u1zw4B6eo/m3ctZG8XMBIIQJz0CS+bwrg7J986qbUZrGPIc3kivSJOBQfYqtR0tU0KHJKUsb2S2Tyu1bMl8jhIOcLFlhgKi8DeSVNYKwb2822QN+OJ7hbpttyjbMHuUY7ewfsahJZNbcf6t7oOoZtnMrSI3kUrR/4Fe6+hrXOwtscClwFxdsMBB6ZVO+DESdA4gs+BxgSdK0FfzV2k1sbsMk/EIXCi4IWdpCC71psOk2Y0MD5K3JQBZ4a+A00Q0MDhwqlQgN/a1xhP1qgfKsmFHC1tlH53P9k6vK048dfdiGkFZho3cOYI+2PJmhXZfBMoOGMvoPiiXWi4rdKW4tC/Fd3CYjdzchJV0Xf9BBogMS2DWTQARAQAB",
                            "gravatar_id": "",
                            "id": "568730",
                            "location": "UK",
                            "login": "minhngocd",
                            "name": "Minno",
                            "public_gists": "1",
                            "public_repos": "3",
                            "site_admin": "false",
                            "ssh_keys.#": "2",
                            "ssh_keys.0": "ssh-rsa AAAAB3NzaC1yc2EAAAADAQABAAABAQDI6R25NwLtI5Bu83A1/JkUewf5WiymOiGPTJKyakm955nG+Z/A2t0slK3VxbL4g7OYOT+J7Fo28uspwkmEQQtopt2ifOwcYX6FYzjaOSMR6+a09/cQZQ+lFfjKyfbo1rQk+jdHa40iRIAzxlHBXJ+2CX5+k6dsNhFntjgvGdBE8LVXRgB9OtuLdACfTBOq8y5Au5PNcTk9mFZwii0nwa5bbYh/SZjpzZAuZpnQsMPR4uVlDBysNFSEaAfq1wKxBOfS/m8OcM0FjibiopFDXbsKbud3ThC4GXfKe+Xu+K87FkDdJshB2AnZaKSk77wF0UUm3u02LpP3SYAC08eqJ1kl",
                            "ssh_keys.1": "ssh-rsa AAAAB3NzaC1yc2EAAAADAQABAAABAQC8v9m6E/FCOtCgUY5+m+fUoutKL0D193wYZ+807O2S6A7lMnXEHA+j7GzZrzjP6PrGmuoag4Eji/1dVy1nWPrBqiugR7K4A19S8T6kPud5D5CLbBY84biV5+WJnx1HrXk/M4N+gosTMzLXzYX75lomwiKkbnKCfPcBAjKGglFP2d7LkctdDw87lUjfAEMxVEvccbru3cOe9us60Ww/wdOHHh9Z38tXRb9dcrjyeCHbP90ssDAaS859dYzCV69X12SAjXtsdxot5znQZm3ACIPAXB4BHTK1qy0/fTWTzzJ/WAsUaNiAS3z9Co/YBuZ7Iqg9EQ2+iFfhMYoUBtchJoiz",
                            "username": "minhngocd"
                        },
                        "meta": {},
                        "tainted": false
                    },
                    "deposed": [],
                    "provider": "provider.github"
                },
                "github_membership.org_membership": {
                    "type": "github_membership",
                    "depends_on": [],
                    "primary": {
                        "id": "alphagov:minhngocd",
                        "attributes": {
                            "etag": "W/\"003957fc69a9177e3186ca69d5b09a19\"",
                            "id": "alphagov:minhngocd",
                            "role": "member",
                            "username": "minhngocd"
                        },
                        "meta": {},
                        "tainted": false
                    },
                    "deposed": [],
                    "provider": "provider.github"
                },
                "github_team_membership.team_membership.0": {
                    "type": "github_team_membership",
                    "depends_on": [],
                    "primary": {
                        "id": "2826122:minhngocd",
                        "attributes": {
                            "etag": "W/\"69c0321ae2b1d4c65d1191b471583986\"",
                            "id": "2826122:minhngocd",
                            "role": "member",
                            "team_id": "2826122",
                            "username": "minhngocd"
                        },
                        "meta": {},
                        "tainted": false
                    },
                    "deposed": [],
                    "provider": "provider.github"
                },
                "github_team_membership.team_membership.1": {
                    "type": "github_team_membership",
                    "depends_on": [],
                    "primary": {
                        "id": "2826121:minhngocd",
                        "attributes": {
                            "etag": "W/\"2f49cc31f7184b0218cb57ea3ad27f89\"",
                            "id": "2826121:minhngocd",
                            "role": "member",
                            "team_id": "2826121",
                            "username": "minhngocd"
                        },
                        "meta": {},
                        "tainted": false
                    },
                    "deposed": [],
                    "provider": "provider.github"
                },
                "github_team_membership.team_membership.2": {
                    "type": "github_team_membership",
                    "depends_on": [],
                    "primary": {
                        "id": "2826120:minhngocd",
                        "attributes": {
                            "etag": "W/\"677f94bd801c81c48ff76913b76cedd1\"",
                            "id": "2826120:minhngocd",
                            "role": "member",
                            "team_id": "2826120",
                            "username": "minhngocd"
                        },
                        "meta": {},
                        "tainted": false
                    },
                    "deposed": [],
                    "provider": "provider.github"
                },
                "github_team_membership.team_membership.3": {
                    "type": "github_team_membership",
                    "depends_on": [],
                    "primary": {
                        "id": "2826126:minhngocd",
                        "attributes": {
                            "etag": "W/\"dad4bbade297db9f3c481fd144247441\"",
                            "id": "2826126:minhngocd",
                            "role": "member",
                            "team_id": "2826126",
                            "username": "minhngocd"
                        },
                        "meta": {},
                        "tainted": false
                    },
                    "deposed": [],
                    "provider": "provider.github"
                },
                "github_team_membership.team_membership.4": {
                    "type": "github_team_membership",
                    "depends_on": [],
                    "primary": {
                        "id": "2826123:minhngocd",
                        "attributes": {
                            "etag": "W/\"dcf45f000f59d01dc54ceadeea0f63c8\"",
                            "id": "2826123:minhngocd",
                            "role": "member",
                            "team_id": "2826123",
                            "username": "minhngocd"
                        },
                        "meta": {},
                        "tainted": false
                    },
                    "deposed": [],
                    "provider": "provider.github"
                },
                "github_team_membership.team_membership.5": {
                    "type": "github_team_membership",
                    "depends_on": [],
                    "primary": {
                        "id": "2826125:minhngocd",
                        "attributes": {
                            "etag": "W/\"b22a0e056c4ef39d925c11a42d881e8c\"",
                            "id": "2826125:minhngocd",
                            "role": "member",
                            "team_id": "2826125",
                            "username": "minhngocd"
                        },
                        "meta": {},
                        "tainted": false
                    },
                    "deposed": [],
                    "provider": "provider.github"
                },
                "github_team_membership.team_membership.6": {
                    "type": "github_team_membership",
                    "depends_on": [],
                    "primary": {
                        "id": "2915524:minhngocd",
                        "attributes": {
                            "etag": "W/\"3dd9acb5dbd7d54f4b384f38246495dc\"",
                            "id": "2915524:minhngocd",
                            "role": "member",
                            "team_id": "2915524",
                            "username": "minhngocd"
                        },
                        "meta": {},
                        "tainted": false
                    },
                    "deposed": [],
                    "provider": "provider.github"
                }
            },
            "depends_on": []
        },
        {
            "path": [
                "root",
                "user_mmhmm"
            ],
            "outputs": {},
            "resources": {
                "data.github_user.user": {
                    "type": "github_user",
                    "depends_on": [],
                    "primary": {
                        "id": "961422",
                        "attributes": {
                            "avatar_url": "https://avatars1.githubusercontent.com/u/961422?v=4",
                            "bio": "",
                            "blog": "",
                            "company": "",
                            "email": "",
                            "followers": "6",
                            "following": "0",
                            "gpg_keys.#": "1",
                            "gpg_keys.0": "xsFNBFfqanMBEADh1uY0x0l+HzeyPr2y43gNUsvf1uU28vYu702+V7+JeyAnU+vBkEFHxzB5K43IP1FDrCAQdG2Y3ELoJ4ZFohppFl3fDgg5TBMx6MNQi8OzXfyNEb8yn/FkLXCZbhTOOKV0kfGa7/fHYDkNzgMAuWG8oV4sEdYlBv6zqvOMLSz3Wsx3/HRiLs8ukrrIPDcjD0y3axCepaecg6PARsJwzzVeyUTSZbGTKom8XuMiqbnpG3JR4tsvE+pQgrLYScu1AI/P49biOceldvfVaHXFYsq6gKsUTAcNqYtZ5R5BxDtl518Oiio0R3FLmZLys1dYU89nBJitMTMd3mjipHlB0KDg2c0O/BUBZmM/GBW37SdOfo3OgpUMCEci6TSK/muUgZFGznNhcbuJo1wg9VYTGyLGTpI2O9+tTBT39wJLFSxNugMAvNU6Y2xQIzqIRTm79l+GyXSt9XKGWHk8Wd1UOEhGImwSD/9bEc/jC0BbPnGbF41X+Vg4ydRDJ4CSEFpMgvaAj2qpMU7JGDv2le1YZBythGVn3NJYcGTe0G6vtOx6Qn85qP4yN2YRXwDFu67cxleJOBc2sx57Iln/FAS9tbVUf/ck+aATklWlm7WJdEMDZBDat50wm6vUupg2XplJb1qsnMOM5e6ZHLCPY4iCGeQsXdJma3Aw9r05QeHqkxbJIwARAQAB",
                            "gravatar_id": "",
                            "id": "961422",
                            "location": "",
                            "login": "mmhmm",
                            "name": "",
                            "public_gists": "1",
                            "public_repos": "5",
                            "site_admin": "false",
                            "ssh_keys.#": "1",
                            "ssh_keys.0": "ssh-rsa AAAAB3NzaC1yc2EAAAADAQABAAACAQDozlcEWGrHNLgSzpAs6AAQBHMm8Bpr5NaxFWbQylrDJ+QWBRrWCOhic1mEuhDEC/m40EkbOU36FYqXBNE/F7U96XUvRpTLChgaRlukXFw9V0XT087EDVSPguOzauXFkK+JDsCup4A6kfFnoZM2HXdsIyz/BVOQaiHSYj+o5xAMYn+iSDWi3wN4JirbGNwFAWmm5NyJ2xXs3+Xw0lzNeU412ASB+FhXZ/n9knqWznrloViBGNAvJyGsAOJLGLMfPCUN1wT0HyBMYrFa9E8VvNmezJULJPQKieqjbsW8PpIjfsgvus7LgP25ZY+KaLDOQsoCgEMMebKJjJwYW0EZs7LDt+vPkCv8Hg2050Ni3I/+FAOpg+X6G9+RErqb4RDCPxWRp60RXE5Jp6xiq1Z39KzoOUCczCSyScuUxATpv3d0aOOMUvLz/jjkLZrDYTENtcbba5X+3Gcxdq9kFRdsxzt5v2xUFwKySqm98qPD4YdJybv6j3un9qIgzyOBmjtxFRc1bleA1+RV4mlvt2xWni/a6tPwWCXT6/QgWbJ9mY8iHNLgGzC5WmfqtKb5nfd6UDGauIuDx0lwcXaM7Rbq6B4AlEx+m3P2Vv2xaM4E0wCIBiq1A3BCHRQ4ATdTLTGEUDhRJ1vP8L6pTzE1BpyscOf4J1+p+wiQ8xQdhDAFT5K6aw==",
                            "username": "mmhmm"
                        },
                        "meta": {},
                        "tainted": false
                    },
                    "deposed": [],
                    "provider": "provider.github"
                },
                "github_membership.org_membership": {
                    "type": "github_membership",
                    "depends_on": [],
                    "primary": {
                        "id": "alphagov:mmhmm",
                        "attributes": {
                            "etag": "W/\"ae63fbea1cccddd5417d5f0c2d800f47\"",
                            "id": "alphagov:mmhmm",
                            "role": "member",
                            "username": "mmhmm"
                        },
                        "meta": {},
                        "tainted": false
                    },
                    "deposed": [],
                    "provider": "provider.github"
                },
                "github_team_membership.team_membership.0": {
                    "type": "github_team_membership",
                    "depends_on": [],
                    "primary": {
                        "id": "2826127:mmhmm",
                        "attributes": {
                            "etag": "W/\"d9099cf4aa11d02baa8028a913668999\"",
                            "id": "2826127:mmhmm",
                            "role": "member",
                            "team_id": "2826127",
                            "username": "mmhmm"
                        },
                        "meta": {},
                        "tainted": false
                    },
                    "deposed": [],
                    "provider": "provider.github"
                },
                "github_team_membership.team_membership.1": {
                    "type": "github_team_membership",
                    "depends_on": [],
                    "primary": {
                        "id": "2826126:mmhmm",
                        "attributes": {
                            "etag": "W/\"da952976bff8402144ff766227712554\"",
                            "id": "2826126:mmhmm",
                            "role": "member",
                            "team_id": "2826126",
                            "username": "mmhmm"
                        },
                        "meta": {},
                        "tainted": false
                    },
                    "deposed": [],
                    "provider": "provider.github"
                },
                "github_team_membership.team_membership.2": {
                    "type": "github_team_membership",
                    "depends_on": [],
                    "primary": {
                        "id": "2826120:mmhmm",
                        "attributes": {
                            "etag": "W/\"f0e83a3b8c8c3ee5e9ade6dd9213560e\"",
                            "id": "2826120:mmhmm",
                            "role": "member",
                            "team_id": "2826120",
                            "username": "mmhmm"
                        },
                        "meta": {},
                        "tainted": false
                    },
                    "deposed": [],
                    "provider": "provider.github"
                },
                "github_team_membership.team_membership.3": {
                    "type": "github_team_membership",
                    "depends_on": [],
                    "primary": {
                        "id": "2826125:mmhmm",
                        "attributes": {
                            "etag": "W/\"14eb42f8d439bb7cebd606710c525bc9\"",
                            "id": "2826125:mmhmm",
                            "role": "member",
                            "team_id": "2826125",
                            "username": "mmhmm"
                        },
                        "meta": {},
                        "tainted": false
                    },
                    "deposed": [],
                    "provider": "provider.github"
                },
                "github_team_membership.team_membership.4": {
                    "type": "github_team_membership",
                    "depends_on": [],
                    "primary": {
                        "id": "2915524:mmhmm",
                        "attributes": {
                            "etag": "W/\"730d83eb53adc66a609fc5e119f2b189\"",
                            "id": "2915524:mmhmm",
                            "role": "member",
                            "team_id": "2915524",
                            "username": "mmhmm"
                        },
                        "meta": {},
                        "tainted": false
                    },
                    "deposed": [],
                    "provider": "provider.github"
                }
            },
            "depends_on": []
        },
        {
            "path": [
                "root",
                "user_nacnudus"
            ],
            "outputs": {},
            "resources": {
                "data.github_user.user": {
                    "type": "github_user",
                    "depends_on": [],
                    "primary": {
                        "id": "3522552",
                        "attributes": {
                            "avatar_url": "https://avatars1.githubusercontent.com/u/3522552?v=4",
                            "bio": "",
                            "blog": "https://www.linkedin.com/in/duncangarmonsway/",
                            "company": "Government Data Service @openregister",
                            "email": "nacnudus@gmail.com",
                            "followers": "36",
                            "following": "3",
                            "gpg_keys.#": "1",
                            "gpg_keys.0": "xsBNBFoyrZkBCACYWhz2kIN0EREUXz2raUyKtV1FXZrqGW7C8uBbm9W7GNM33Lh4vB1Xl9bGTfc8BFLdVzHJJfO2Q+rm0XU20TWb6Fc9WC/3LpConhq93kyFqOqY+NjG4R4qasBpGp+ZWq8incfUxs2VCyJWsOBreVeKRepNBnG9nMiBdFjIrTMhHfYWeOqcM0SoqIm4aycgk9Iqd3OwSLB/VQbqnaKVAle/VxDKYUuLjk89cuPlj2BIMlOGGGeMrCjRZL7uLxxzwEfgtu4nmiua8GYnpWo8H8PDUXtzXQ/wae5AdnOSrZkN8rgw/X+RdvQabz4dw2NZOni5qqex4n9rxThw5kR7ZcvRABEBAAE=",
                            "gravatar_id": "",
                            "id": "3522552",
                            "location": "London",
                            "login": "nacnudus",
                            "name": "Duncan Garmonsway",
                            "public_gists": "12",
                            "public_repos": "70",
                            "site_admin": "false",
                            "ssh_keys.#": "3",
                            "ssh_keys.0": "ssh-rsa AAAAB3NzaC1yc2EAAAADAQABAAACAQCZf8w1KHml/N4u7r9zKeFXSyCpDCKE7jvkUWq0WXYzvTknGno+PGWloS9ecKM9gSjWuYNXh8RxgCJyrji6ywXgMHt+VBkNBF+uAMiYM7l5mjOSRMMP/tprccrgptqzlB151wTnQge1YMH9tjInPY4ySZ4O0/QHsf7dSPuHngknMr7Dk9P93dtePOe20j75zUkDq94dku4COfi00z6UR3Mv4BzryBymrKcj4SISSYys5+NEDPBe3Ha2K2rI35TAiyLNHqI3nKEEFSDs3v/qAhqDZuxU8cpIzZJjjFzV88OR/jeW1NXbS+0elm5ssvrfvhW6spRkusgxgjZQ4JPMaAOhUllyG2kRb4p+cLUkywF4PEtwC5wrQtdTecDaKxPJ+YiX7bFqFtrcePSgYr9vyfdK897trwv/pa5zHFblhCa/gHjjbxBcBO+0J5AWJWjCgeMnqanNEz60sPJLbjvAqESlz/gq8ZBj2a2OQhCB4rwSwHRD11IQkfyPNozojEx6qmhYUnA1euYjif8rw/8sEKsVjCk82tmmz6csftyviZwtIUh0tEMZeejfN3vmhEJcRlZTyxyByJcTtoqixkjQ0RuVh8TRAAOWaHWCh007AUNhEYO54dhRdb4WmvwlutM2laCDFYech0XnrXFTT1HkauuVPl70OW4xnN/u09SZeNr2Nw==",
                            "ssh_keys.1": "ssh-rsa AAAAB3NzaC1yc2EAAAADAQABAAACAQDPCBD1lMckF5EmWevpN3/5+LtLnqjLhK4Bjisv8U10H2BlqVBPCu0lYwmFiLua4qg/GoZjgfatSvItW0RthVOPKE6lCsJ0TwoaNlL5xnDvU/oXhV+As3t65hKl2GqvY6+4G62Al81P/0BNkPmpVHlvn8+90MQQgDOjZn8MsxI7lQkdj3MIrjuCgDE8tPHVuB4TIFflKL+hfMXfpM9TNJARU4T+edSCuFylPgopcV/NocSISamN03jyieye5C1i+bNYtew+Ca5epWExrE3a2mzEdmLqWA6/4AIeAVcWzitVFYfCU9QdQNzh3gCpOkCQV6EqD6iq3CspLZ2Y71UTyTuDMRCaKjqrTzZGoVraKF2GAfaXTl98EbGDtgaJZVjRwwdZd2bSd0BIiuEZdj0xejPVuVvxceXARqTCtLMbe5cdQwygkK3z1q6ATwhubvM4Dcrys2AVVKuIOYTj/wKJdpGTsHxfaVvRx+rw4/lvO9+Nk/a09GINVZany2w7O22HlyRGeuyMTSzf8dn2rmVL0nzCaIwVlMqxOIOskLb8JzaxLJWVOq6WYwHgCOdibMkaRbu+6ABLUVqDItIW1mMT1moDOKBD7btLiY06RoHn/HEV+tZodRN0A+yBUnVTgubKmyyAPE1TlyNPksR7QKpwWzl6RUpwL4nKMBklsBBtDHljYw==",
                            "ssh_keys.2": "ssh-rsa AAAAB3NzaC1yc2EAAAADAQABAAACAQDB7TLCiAFVgL6dR4jHWdgfHaFJBLVX3X33lRIdP1btbaOiVmf8qKWWGWo8jC2hjkH+CIQJgSOusIPmM7xp0yYkWRl/NvLq4xxu4IIIcl5wrqennL7mS5KeURpVaz1mZ3oV1wjtWLGzNxqxQEc21dicbTlDIepondxi5pQmkHzmzTKrjtNiFDfVYKDNuYB6Leiy/n1UdQfAhTDJSksL/y5pCzsIww5RtYmrX1DVDjvNqnG0hxlU1xhn8IeySpLisFVZCJ7/vPddlOkbvYRvgGPOqyp69epRkmYX7f/zS9YQqSQSXYpDIoiXs34REKNuOmniHG/KHzVh1T5U1OcQcxc9FzjlOIaaLr3cV54K1fMLTJy1DYEBUGM7BJo5n77BzfLzVd039xrvwnZX0wp94APpCMIwkKaM+XqsiQgeVFz3q8qETQOb571NXv2/TodITno5dEJMxb9vjxdZRaQ84hzDVxtXVrmmYMpQS+h0Qkp3ovdDSiWbbNv65Mo8x8TKaY5oYAtb/oA7iOSxYzAXzpXKfn8smUUcrAhsc96GdIuB6SeUcI2QA9JIOS5zCn1sXHvfDZQJK/IHjTxuwuGAZabOzonSQPjNMRXDdVSsfxnpBHwS+ekB+064I2AQ9Aaj8RfamC3kfsJRbeTq85+XlFpAU9nJh3w+pUzmXb/Gday3Yw==",
                            "username": "nacnudus"
                        },
                        "meta": {},
                        "tainted": false
                    },
                    "deposed": [],
                    "provider": "provider.github"
                },
                "github_membership.org_membership": {
                    "type": "github_membership",
                    "depends_on": [],
                    "primary": {
                        "id": "alphagov:nacnudus",
                        "attributes": {
                            "etag": "W/\"ca57b5770c7aaef3064f681607f42823\"",
                            "id": "alphagov:nacnudus",
                            "role": "member",
                            "username": "nacnudus"
                        },
                        "meta": {},
                        "tainted": false
                    },
                    "deposed": [],
                    "provider": "provider.github"
                },
                "github_team_membership.team_membership.0": {
                    "type": "github_team_membership",
                    "depends_on": [],
                    "primary": {
                        "id": "2826122:nacnudus",
                        "attributes": {
                            "etag": "W/\"60974ad800f89f92115e1d7f72975025\"",
                            "id": "2826122:nacnudus",
                            "role": "member",
                            "team_id": "2826122",
                            "username": "nacnudus"
                        },
                        "meta": {},
                        "tainted": false
                    },
                    "deposed": [],
                    "provider": "provider.github"
                },
                "github_team_membership.team_membership.1": {
                    "type": "github_team_membership",
                    "depends_on": [],
                    "primary": {
                        "id": "2826123:nacnudus",
                        "attributes": {
                            "etag": "W/\"e1956bade2996c93a51e3d68a293de00\"",
                            "id": "2826123:nacnudus",
                            "role": "member",
                            "team_id": "2826123",
                            "username": "nacnudus"
                        },
                        "meta": {},
                        "tainted": false
                    },
                    "deposed": [],
                    "provider": "provider.github"
                },
                "github_team_membership.team_membership.2": {
                    "type": "github_team_membership",
                    "depends_on": [],
                    "primary": {
                        "id": "2826125:nacnudus",
                        "attributes": {
                            "etag": "W/\"db381d0e2669b883ea913c77302b765d\"",
                            "id": "2826125:nacnudus",
                            "role": "member",
                            "team_id": "2826125",
                            "username": "nacnudus"
                        },
                        "meta": {},
                        "tainted": false
                    },
                    "deposed": [],
                    "provider": "provider.github"
                },
                "github_team_membership.team_membership.3": {
                    "type": "github_team_membership",
                    "depends_on": [],
                    "primary": {
                        "id": "2915524:nacnudus",
                        "attributes": {
                            "etag": "W/\"176966855610556424cf74db8e916147\"",
                            "id": "2915524:nacnudus",
                            "role": "member",
                            "team_id": "2915524",
                            "username": "nacnudus"
                        },
                        "meta": {},
                        "tainted": false
                    },
                    "deposed": [],
                    "provider": "provider.github"
                }
            },
            "depends_on": []
        },
        {
            "path": [
                "root",
                "user_phantas"
            ],
            "outputs": {},
            "resources": {
                "data.github_user.user": {
                    "type": "github_user",
                    "depends_on": [],
                    "primary": {
                        "id": "464306",
                        "attributes": {
                            "avatar_url": "https://avatars0.githubusercontent.com/u/464306?v=4",
                            "bio": "",
                            "blog": "",
                            "company": "",
                            "email": "",
                            "followers": "2",
                            "following": "0",
                            "gpg_keys.#": "1",
                            "gpg_keys.0": "xsFNBFs80egBEADkc035ZIqxUadlITmvB15CxfTr2bDuRjGe8KLtuTv3x5cD5uvg2wglbmoUBrXNQEo8BCghHVfOCAu5M3EVIH3DSN821CplUbNVSOGOuxpv4TigzR9y1Ge3H2ZNcrmV4BvlFsNACXRQkSRfqOoBsDRkaI9bBfd+2D/b995lAhP+lE3JSMCTk+ckZGfLOTE+YKV5eAI90TU1qOe0vI2cd8MYeSDYYnbgC4ci662KoN7KjPiVioMzta99TYp61fqVZwnb3Fya3EhSsGCcs224FyL41wWfB4fjLgcy/13fYUyBWFqUZtgt8ek3y3C7m9uEhzZSA7biJTAQHTWgHDJvgVv2uZfDD4scBATHMEeTrjLlx6St1EjKMQmx+qe/9YEsDJq2rOGtHXsxapoBcWQ7aACYVofGCOl3TLbyyPgw00Hbnub4LixvBECQTwBHtR/sVRPE5aeXUEGchPuU7JUcIK+eckUNggIvJ0n6cam1HH18JIUtf10S7PfMHZ68kr0Or98DsIavLHoSdIQGyjAo7KSefbZB4RkW2vc3VnQo0Dr6/V5giIzU/+3bvye57Wf/+y3GiMhLgiCI6VLyJ9Vj2nXR3/klYwEmWOy0DnP5Hdm3ocAOM2WSmZwaoFoI4SowOeQbloETlkLd9PIxlc/WL56ygTZwui1WM1ROqBUYzO03bwARAQAB",
                            "gravatar_id": "",
                            "id": "464306",
                            "location": "",
                            "login": "phantas",
                            "name": "Paula Valenca",
                            "public_gists": "0",
                            "public_repos": "1",
                            "site_admin": "false",
                            "ssh_keys.#": "2",
                            "ssh_keys.0": "ssh-rsa AAAAB3NzaC1yc2EAAAADAQABAAACAQC2UqpVmispqNdeXgD1pQPAh5i5t/gj593j2QLbz6KF6/KoZewbrlae47Y6Il8SyuRQwI4yRsYRYvO2bMMpkNRwfdEkuLFvxNCYSoiRxnRJO1jS1DWUHXezLJeegAdu4RxvEiVjvpCrfzQfIRl3I/92TmfELZhffMrzadoPU4FPnk9FNETUK4aXzi1SLFe/wMdMONZIa6stfOu3TParsQnc5BgmzZSAN2424KvfkC8EIXdkqirFvHhTRF+HBgs7+lus8oe3vpOxlsHNh5ka+KMIu7iWzFNjxc0BhQKNjBxWGqQAjz8+h9rBaNtUsZJfjUql80VPRK0okReF+PgqFJKY4z1YY3+2GGWP3ua6ZL7/h5KMbHY4QGeSp8DXFztYXA4UmktO5Xx01A5kqtmwNf2TdEKzkwE2vW089S6PBK9bSBa0062+3isv32ZWfDhTixgc5fJCULvJVdHD4jeDIYS9aW8tONH7oXIv7DK951WSbT4xInJVexDh9uqYhW3fcLn9B4u5dV3y6zqEaMtgCOaSQ8UwcovESKwWZT3rbBjTdnkIM1pUdtt4wqPp0QE2eE3VDOadx3P8DNnMwXAkzlVWo0QR5iQEd968sJhrh9F4maTLrYP1tPGWoAjJTIr0ZC5oDhEQU37IYQb7luUSA/5Sg4JmCaYvpeSCJsznQJc4qw==",
                            "ssh_keys.1": "ssh-rsa AAAAB3NzaC1yc2EAAAADAQABAAABAQCkDcLgRcY9Q5/BfYAUZwvEJFz2VdF3EXW3DtvhL09L3wpJmJAdBN20ULsyz6SsR8+K8i7EdAF4ityMmYhwFppsSgxOAH7zBVGbufdkARFs4yTtj0cKKViPCMiYukCtYlJ689sGGQVn33fyVkWAVnf9CihI8rVfiIqtE00bKwoMGmaTfPohml3GtvTWAvLuLkWYaf6qwgux8HY1CTow9Ce5fey5yyfgKAnTEc0PKGfej3UkB99HrOZdz30E4AbiRY4/DiCk94h1YlxFJ4FzrNOnY/76eV1r+hkRvJTxyJVk5mSRPNdUUukXibseUEWW4I3MlpMrgSXGQmH9WiV2mq/x",
                            "username": "phantas"
                        },
                        "meta": {},
                        "tainted": false
                    },
                    "deposed": [],
                    "provider": "provider.github"
                },
                "github_membership.org_membership": {
                    "type": "github_membership",
                    "depends_on": [],
                    "primary": {
                        "id": "alphagov:phantas",
                        "attributes": {
                            "etag": "W/\"46348a17631c0bd9aa9680b840341c1e\"",
                            "id": "alphagov:phantas",
                            "role": "member",
                            "username": "phantas"
                        },
                        "meta": {},
                        "tainted": false
                    },
                    "deposed": [],
                    "provider": "provider.github"
                },
                "github_team_membership.team_membership.0": {
                    "type": "github_team_membership",
                    "depends_on": [],
                    "primary": {
                        "id": "2826122:phantas",
                        "attributes": {
                            "etag": "W/\"237825c967df4496e7c2ab3230a718ac\"",
                            "id": "2826122:phantas",
                            "role": "member",
                            "team_id": "2826122",
                            "username": "phantas"
                        },
                        "meta": {},
                        "tainted": false
                    },
                    "deposed": [],
                    "provider": "provider.github"
                },
                "github_team_membership.team_membership.1": {
                    "type": "github_team_membership",
                    "depends_on": [],
                    "primary": {
                        "id": "2826127:phantas",
                        "attributes": {
                            "etag": "W/\"a651ad98ca6b6a2a111c704bd54a1ee2\"",
                            "id": "2826127:phantas",
                            "role": "member",
                            "team_id": "2826127",
                            "username": "phantas"
                        },
                        "meta": {},
                        "tainted": false
                    },
                    "deposed": [],
                    "provider": "provider.github"
                },
                "github_team_membership.team_membership.2": {
                    "type": "github_team_membership",
                    "depends_on": [],
                    "primary": {
                        "id": "2826126:phantas",
                        "attributes": {
                            "etag": "W/\"312738f8c4e25a332624f99ee2e41fbe\"",
                            "id": "2826126:phantas",
                            "role": "member",
                            "team_id": "2826126",
                            "username": "phantas"
                        },
                        "meta": {},
                        "tainted": false
                    },
                    "deposed": [],
                    "provider": "provider.github"
                },
                "github_team_membership.team_membership.3": {
                    "type": "github_team_membership",
                    "depends_on": [],
                    "primary": {
                        "id": "2826123:phantas",
                        "attributes": {
                            "etag": "W/\"162378f94d70744457f2ddd92ebfa955\"",
                            "id": "2826123:phantas",
                            "role": "member",
                            "team_id": "2826123",
                            "username": "phantas"
                        },
                        "meta": {},
                        "tainted": false
                    },
                    "deposed": [],
                    "provider": "provider.github"
                },
                "github_team_membership.team_membership.4": {
                    "type": "github_team_membership",
                    "depends_on": [],
                    "primary": {
                        "id": "2826125:phantas",
                        "attributes": {
                            "etag": "W/\"1f43cfc508ff7b8227dbffad9ec307fd\"",
                            "id": "2826125:phantas",
                            "role": "member",
                            "team_id": "2826125",
                            "username": "phantas"
                        },
                        "meta": {},
                        "tainted": false
                    },
                    "deposed": [],
                    "provider": "provider.github"
                },
                "github_team_membership.team_membership.5": {
                    "type": "github_team_membership",
                    "depends_on": [],
                    "primary": {
                        "id": "2915520:phantas",
                        "attributes": {
                            "etag": "W/\"3ceb762812b01f44494531178d4ff125\"",
                            "id": "2915520:phantas",
                            "role": "member",
                            "team_id": "2915520",
                            "username": "phantas"
                        },
                        "meta": {},
                        "tainted": false
                    },
                    "deposed": [],
                    "provider": "provider.github"
                },
                "github_team_membership.team_membership.6": {
                    "type": "github_team_membership",
                    "depends_on": [],
                    "primary": {
                        "id": "2915524:phantas",
                        "attributes": {
                            "etag": "W/\"9a47f963832bbd4dbd8500677b6f6eff\"",
                            "id": "2915524:phantas",
                            "role": "member",
                            "team_id": "2915524",
                            "username": "phantas"
                        },
                        "meta": {},
                        "tainted": false
                    },
                    "deposed": [],
                    "provider": "provider.github"
                }
            },
            "depends_on": []
        },
        {
            "path": [
                "root",
                "user_racinghippo"
            ],
            "outputs": {},
            "resources": {
                "data.github_user.user": {
                    "type": "github_user",
                    "depends_on": [],
                    "primary": {
                        "id": "17086691",
                        "attributes": {
                            "avatar_url": "https://avatars1.githubusercontent.com/u/17086691?v=4",
                            "bio": "",
                            "blog": "",
                            "company": "GDS",
                            "email": "",
                            "followers": "0",
                            "following": "0",
                            "gpg_keys.#": "0",
                            "gravatar_id": "",
                            "id": "17086691",
                            "location": "London",
                            "login": "RacingHippo",
                            "name": "John Kennard",
                            "public_gists": "0",
                            "public_repos": "1",
                            "site_admin": "false",
                            "ssh_keys.#": "1",
                            "ssh_keys.0": "ssh-rsa AAAAB3NzaC1yc2EAAAADAQABAAACAQCb5dU45hJYFNiCfIQNMW06pA7Blri04/lyG5uFIpYHL2jEj5HJzI6gei4R/DAYNh18Smmia5nT2t28FWc2BgMNWkmBBnfAnulLhGc0lgKsNylrwxuTxbkCO78vG5eNPysj77dMUVswkgFKe8wFv7WYe9TXTzbJji5TSPxbn9h9ZnZWbBNTajmeHl8ifxkMNlqFgt7bZiHoQ5tNlYMBu1vfe6OHXlnDX8n0C0DKRPehzqbwYbJghpqtLdgGEIU8OZ8IAgrweA3/FT9ouuKJtrOlCRPGGILZa6V7IFmmV+p63WXz4yeVIfQEXK4XchiJpDoMNf6Lyg+QUq+6bbM17OJ+tYKXr9EKHVjJotBaUef9siPpOXXsFqb7RP1yuwIgADCAN11/mbQIdUd9B9mPvaYKi4F3Z8YxJixW/h2X/zyjhp7MfNzCwyNdn6oLqSgot3/DwSUsq9JIEj6iLgvNOaJJqc9/BY1L5G8EAquvpgDWx4HjxEpxljNqrl1GjlzeV76y9RIJeTkbod3aG9e2zI52zMnLlcTz0+0wt0ks59/lZgu1srnHrE6lxTPrlC0eSGPYcW7HrQfn6aSqX9OjjneFPVVnorVD3Mfw5PGkj6yDlYFPV9Cjf8wNYA89tm4p4O+ESzZYw5t8Ez6rBEgLgLrPz6X/5OsHD5UYdaGkYbRI6Q==",
                            "username": "RacingHippo"
                        },
                        "meta": {},
                        "tainted": false
                    },
                    "deposed": [],
                    "provider": "provider.github"
                },
                "github_membership.org_membership": {
                    "type": "github_membership",
                    "depends_on": [],
                    "primary": {
                        "id": "alphagov:RacingHippo",
                        "attributes": {
                            "etag": "W/\"fbd864f1966977648149e23922273fa4\"",
                            "id": "alphagov:RacingHippo",
                            "role": "member",
                            "username": "RacingHippo"
                        },
                        "meta": {},
                        "tainted": false
                    },
                    "deposed": [],
                    "provider": "provider.github"
                },
                "github_team_membership.team_membership.0": {
                    "type": "github_team_membership",
                    "depends_on": [],
                    "primary": {
                        "id": "2826122:RacingHippo",
                        "attributes": {
                            "etag": "W/\"ed38b546d9f5a5033261d8dabce8664b\"",
                            "id": "2826122:RacingHippo",
                            "role": "member",
                            "team_id": "2826122",
                            "username": "RacingHippo"
                        },
                        "meta": {},
                        "tainted": false
                    },
                    "deposed": [],
                    "provider": "provider.github"
                },
                "github_team_membership.team_membership.1": {
                    "type": "github_team_membership",
                    "depends_on": [],
                    "primary": {
                        "id": "2826127:RacingHippo",
                        "attributes": {
                            "etag": "W/\"61dffe42f0d94233e301cd73c0d4ef89\"",
                            "id": "2826127:RacingHippo",
                            "role": "member",
                            "team_id": "2826127",
                            "username": "RacingHippo"
                        },
                        "meta": {},
                        "tainted": false
                    },
                    "deposed": [],
                    "provider": "provider.github"
                },
                "github_team_membership.team_membership.2": {
                    "type": "github_team_membership",
                    "depends_on": [],
                    "primary": {
                        "id": "2826126:RacingHippo",
                        "attributes": {
                            "etag": "W/\"c44a49b0a1c47cc4cfd3a5d1ade37fb2\"",
                            "id": "2826126:RacingHippo",
                            "role": "member",
                            "team_id": "2826126",
                            "username": "RacingHippo"
                        },
                        "meta": {},
                        "tainted": false
                    },
                    "deposed": [],
                    "provider": "provider.github"
                },
                "github_team_membership.team_membership.3": {
                    "type": "github_team_membership",
                    "depends_on": [],
                    "primary": {
                        "id": "2826123:RacingHippo",
                        "attributes": {
                            "etag": "W/\"8c55ec8ce4e71f77e4088c70d0028b1f\"",
                            "id": "2826123:RacingHippo",
                            "role": "member",
                            "team_id": "2826123",
                            "username": "RacingHippo"
                        },
                        "meta": {},
                        "tainted": false
                    },
                    "deposed": [],
                    "provider": "provider.github"
                },
                "github_team_membership.team_membership.4": {
                    "type": "github_team_membership",
                    "depends_on": [],
                    "primary": {
                        "id": "2826125:RacingHippo",
                        "attributes": {
                            "etag": "W/\"8b76a6c17bda74f14be3d2bfb742521e\"",
                            "id": "2826125:RacingHippo",
                            "role": "member",
                            "team_id": "2826125",
                            "username": "RacingHippo"
                        },
                        "meta": {},
                        "tainted": false
                    },
                    "deposed": [],
                    "provider": "provider.github"
                },
                "github_team_membership.team_membership.5": {
                    "type": "github_team_membership",
                    "depends_on": [],
                    "primary": {
                        "id": "2915524:RacingHippo",
                        "attributes": {
                            "etag": "W/\"0206e369cf880f016fe8bd24fdc769d3\"",
                            "id": "2915524:RacingHippo",
                            "role": "member",
                            "team_id": "2915524",
                            "username": "RacingHippo"
                        },
                        "meta": {},
                        "tainted": false
                    },
                    "deposed": [],
                    "provider": "provider.github"
                }
            },
            "depends_on": []
        },
        {
            "path": [
                "root",
                "user_rhowe_gds"
            ],
            "outputs": {},
            "resources": {
                "data.github_user.user": {
                    "type": "github_user",
                    "depends_on": [],
                    "primary": {
                        "id": "23742767",
                        "attributes": {
                            "avatar_url": "https://avatars1.githubusercontent.com/u/23742767?v=4",
                            "bio": "Look at that red diff. Look at it!",
                            "blog": "",
                            "company": "GDS, Cabinet Office, UK Government",
                            "email": "russell.howe@digital.cabinet-office.gov.uk",
                            "followers": "1",
                            "following": "0",
                            "gpg_keys.#": "2",
                            "gpg_keys.0": "xsFNBFgl+zsBEADTfsdyOQvtrdUyiNlkBNHIMZdl29u7bHbu4YDEfsPLYTbsHeWZHu/F57f9uK+tjXWqrf8Aw6PMUQ4cwKAwICmj31yiGikmL4HIXgSaWllubjWFlXINV6UzCSNxJMToPlXgeuAKTgy3yizlbGK0d/HWxQU1xMNGlgm5M5kjdatywcrvHpcAE2k/5i9PdMerzdQwB/YBpciOLTx/aAKkzROI80ZNEBBJEjjugL72uEhzoCPNtdXZ+ubUBQFvRR3rakLPX3m4IN4Q86hclemUyiEHdvlzprrCUD3f9Hro4eqXmZ2jQ/H8KsU0n9cVlRMqcaxpRrLH2dtRrI+gZNS7EsS+/SMtxb88da2dyy4DI1CL8V1UzEnmZ9mE6KvJEg0mC3DlxAp75IAUjXxNmlIaysfQ0aZKPgCX/xaoYuNsMpNIi0HC1WV/55ge2g5boktEk6TKiBfF/oh4iXdgho2+lD5NlV9d0F/AHCIlQWqLLSldm47OSURggsjLBqiiplK1LEGMSelDavgmnR2gFZyd1VSX0sJfKPXureMv9GioGvxPWWwX0V8goayS2jkwxITzrBD1CaGtqqMnPWSIqwRHzsrCI8W/1k48YrJGJdt6PvNH9KxRosRGsIatn7yNT1w5UyG4xa4fi82chAldVgdMAup40jKGX/n7SITJSNWiavsh2QARAQAB",
                            "gpg_keys.1": "xsFNBFt2zPQBEAC7Ps0AFvjmuk9arSIncjX02Q2CUlQquvNHLABxdZQgc97Ja/9x0dECWgBP0f7tA7zonzX8JQi3B5hvSmcSb+TKSSrp6WmduEY1Cz+/pUmBD2eDAZ02u4zXHMHR3TaR8GrSCI171//1qRz49/NzrVM7C1TBXnGCI3aPpEDgK6gbPwTFtKweVj+i2Xgyaq8Xed6G+P0HeL92BJbKeFtytNJpHPOXY3fPnyflVOmnU4FK6Aeo2dpitDn+qoVpQQVVLRiZlBXN7YEdDlda0evfmd9eX8zsCMeYTvd0tfXfTLPovxEy9DN3+AZ4DdkdMOJ/gAU9wjdP5MsqW35jzdBi4oYaYpDZSY18Xn4E+e1x0RZp8PUSNhSr9pwPxKuRxsM4InuNcVQPhSlNKYJqrRHaD51fLSTuZFMQD9YUqptS+nmFt4acjs/O7+vq8i5MLng8gTlbnZ/Wqq9Cv+LENjL5Lv/uwPYrzKlb0HiH1bbre+9IxiSP0E5TIoLFQgyMQqYr6qkfCtddwh9CpOjidRJgEeSf1t1yryvSw7GgdUiR9ktP4d9Ptw2AcFEChE+kFmMy/voht4B5wiggtl7W9IKp9rMZFjGUTnnhy72sVmZ0DUx36c2QHGt2IVSX638i2ju6N7149Kb1vJPde70biqHpw1TF3p5QIXTfF5maEmpwhxYNXwARAQAB",
                            "gravatar_id": "",
                            "id": "23742767",
                            "location": "",
                            "login": "rhowe-gds",
                            "name": "Russell Howe",
                            "public_gists": "3",
                            "public_repos": "18",
                            "site_admin": "false",
                            "ssh_keys.#": "2",
                            "ssh_keys.0": "ssh-rsa AAAAB3NzaC1yc2EAAAADAQABAAACAQC0H2YXg+44hRKmJ/uXB/hGSnuh0f5Nv6y7jrNO8VKvlZM082rxWPfKuE5GlZ2Lt2VqUAFX8U6L/6jNHdlE57VVVrRvYq5sQ477D8FdFa9GuO3ARI2tc1Z4kzP8e2gp6XYukiFzBkZxgpWlwGXey4o0KKDeTGWptWqMNbmA+ClhACO7Zm6JSDFbNs3zGyrITZxrgv7ISfqhFP0Vl3NMo+k2AsVW/htYqaMMsX6WaSM6q6MjMZua94GhCNpnqKSleSBK4VhtBp+NlYfK6W2VgAmC67OiYJabTUb2ibomFmN8rmlyQuN1g9JxYvKkNvdffimlSK/fQLpF4tKY6Any+yEhmp/N25QI6D5e/8eSy4O+aptc65mH3g32fRx6d6K1k+nIkpCIndKw4BMPJ6xtz9ksJ+qDU7a8BcWP3w2HUX7ahxjG8XLbG3CegPlDMWy3J4lbTgwc/0RPMWcSK9O+OcVRsZF68ArI+qnkwtPZh5ta3N3fedaJ4AjBQN+FTcPU0pFYeU3ysdlvTY/hodhpfICiMNVIiyeyyApGFvPi6gEz5Rm8yi9fWMzvRwEDCvV4Ri68svr1Mesnrw03ENY5EOkOMxwD6JRaTPmmnzKQUTEbFfHrmLEGad1URzI5dJ8UaylwwCLYg+pm8jNZoDIyyKVmCWGdbYxtrV3IFJHHiF6Cmw==",
                            "ssh_keys.1": "ssh-rsa AAAAB3NzaC1yc2EAAAADAQABAAACAQDaZvpViNRHNtfvbFasM4b9HVGdE8Iv6zXl3kDGqiOFXhzYRQTdsmHYHdUv7cLsHgjMtbLynetLuOW+ifB7DLnW/+U3PlEFTX0xUbmzRLnLkQRTEQSc70YG2XADhJG3qITH7R5/pXLC8gNXDWQLj1cte5vvF08OtUPwcjCiISUc1YcbfWBXXbEpZ1R+rXMHJhDHrLbvwrRfUJdS9kgO7bHAF7zp2CAF1xYEVBoLxA7sW6rm1qL9Qr/UTuLr4yjlaB35CQYA8bXfykdxuCCi2IGNC6UAHQ1z1etw4bG4c+OGer4jeMYQm3fsg6wj9RAKJL1Par8E28JPqlPu1qkbdyQ6VHjHXFgCHAfvh++JMuFW6EIFbmFXAlqnlJSAS4/ZSleQWbJg5KpubPLmLu3bqRq0Rs4T56SwzV2rCXOD0e/0FttBjPyLTsfjJC++EVaFYZBdsB1MgTIfKMf16RdERXmUYQtYhT05JUy89vbYde0CLD1mmqO84uabGnwrq0QQjoqw19FZp2EjtHEhTsKthe2xF2Wf7d9tsWjXRDACPKiCEriACpfqkoJvAv3uP1T20FT5J/xfZwhr4YpJd3Cdb1LHKYaViRa+SsdE/PPQxjqmJXW9qHXlfIKRZc+ojfTky5Rr/+RFHdcp+g31SWEjH6kDaxxDNh4O2Hbtpf0IXjs33w==",
                            "username": "rhowe-gds"
                        },
                        "meta": {},
                        "tainted": false
                    },
                    "deposed": [],
                    "provider": "provider.github"
                },
                "github_membership.org_membership": {
                    "type": "github_membership",
                    "depends_on": [],
                    "primary": {
                        "id": "alphagov:rhowe-gds",
                        "attributes": {
                            "etag": "W/\"269bfce9208e9287c2c6b8f2206b038c\"",
                            "id": "alphagov:rhowe-gds",
                            "role": "admin",
                            "username": "rhowe-gds"
                        },
                        "meta": {},
                        "tainted": false
                    },
                    "deposed": [],
                    "provider": "provider.github"
                },
                "github_team_membership.team_membership.0": {
                    "type": "github_team_membership",
                    "depends_on": [],
                    "primary": {
                        "id": "2826127:rhowe-gds",
                        "attributes": {
                            "etag": "W/\"461cab8336a97e73c03292c78f7c9cc8\"",
                            "id": "2826127:rhowe-gds",
                            "role": "maintainer",
                            "team_id": "2826127",
                            "username": "rhowe-gds"
                        },
                        "meta": {},
                        "tainted": false
                    },
                    "deposed": [],
                    "provider": "provider.github"
                },
                "github_team_membership.team_membership.1": {
                    "type": "github_team_membership",
                    "depends_on": [],
                    "primary": {
                        "id": "2826126:rhowe-gds",
                        "attributes": {
                            "etag": "W/\"477d820cbfe4aa94ff144e1c58c5c80d\"",
                            "id": "2826126:rhowe-gds",
                            "role": "maintainer",
                            "team_id": "2826126",
                            "username": "rhowe-gds"
                        },
                        "meta": {},
                        "tainted": false
                    },
                    "deposed": [],
                    "provider": "provider.github"
                },
                "github_team_membership.team_membership.2": {
                    "type": "github_team_membership",
                    "depends_on": [],
                    "primary": {
                        "id": "2826120:rhowe-gds",
                        "attributes": {
                            "etag": "W/\"2bf1404252a809b5edd1870f459f98be\"",
                            "id": "2826120:rhowe-gds",
                            "role": "maintainer",
                            "team_id": "2826120",
                            "username": "rhowe-gds"
                        },
                        "meta": {},
                        "tainted": false
                    },
                    "deposed": [],
                    "provider": "provider.github"
                },
                "github_team_membership.team_membership.3": {
                    "type": "github_team_membership",
                    "depends_on": [],
                    "primary": {
                        "id": "2826125:rhowe-gds",
                        "attributes": {
                            "etag": "W/\"a3a1d402d13087ccdaa91c7276969433\"",
                            "id": "2826125:rhowe-gds",
                            "role": "maintainer",
                            "team_id": "2826125",
                            "username": "rhowe-gds"
                        },
                        "meta": {},
                        "tainted": false
                    },
                    "deposed": [],
                    "provider": "provider.github"
                },
                "github_team_membership.team_membership.4": {
                    "type": "github_team_membership",
                    "depends_on": [],
                    "primary": {
                        "id": "2915524:rhowe-gds",
                        "attributes": {
                            "etag": "W/\"aeb3f641f6845427889ac926e09faf2c\"",
                            "id": "2915524:rhowe-gds",
                            "role": "maintainer",
                            "team_id": "2915524",
                            "username": "rhowe-gds"
                        },
                        "meta": {},
                        "tainted": false
                    },
                    "deposed": [],
                    "provider": "provider.github"
                }
            },
            "depends_on": []
        },
        {
            "path": [
                "root",
                "user_robinmitra"
            ],
            "outputs": {},
            "resources": {
                "data.github_user.user": {
                    "type": "github_user",
                    "depends_on": [],
                    "primary": {
                        "id": "3193694",
                        "attributes": {
                            "avatar_url": "https://avatars2.githubusercontent.com/u/3193694?v=4",
                            "bio": "(({greeting = 'Hello', name = 'World'} = {}) =\u003e `${greeting} ${name}!`)()",
                            "blog": "www.robinmitra.com",
                            "company": "Government Digital Service",
                            "email": "",
                            "followers": "13",
                            "following": "35",
                            "gpg_keys.#": "2",
                            "gpg_keys.0": "xsFNBFrcthoBEADsqpF6vyioIcd3vRDA5pQ4xjOfJZWmjK/jfhLYnriEJgA+0EXiBtI2zvcSZ96rUvD5NWIoVmiN/I3FfnfTQTClH1gi4HwXFyhqnfjjKZxVCIlCZ9CYD0SNpaxTw0XKpeLqEq7GMRX/JRSHN1EcvJR/NAI0rsSWHbo7UYXSRavI2Qxbj6wW2v2oYxBHVsHoqg3XTp7Mmm0bbgPtwKIsKFatHhYmWbQP2NoMQkgvWeGr7/TDDMMo+VDXJDFJ33DXePcYDUe9cOsl6bKfTWPyY0BR4fEJHaNwITamiVkqyyWI9zjUBDlPAklALBA2Uyqxcyc3XipTmX3qiyclOrrhd/9XSNmaes9yWrWG1B6h/mmKUqBcbHe5uZdhlaVJpzcPjDiUlkUv6/s/y4Io0x2umkl5TBBpvQamEdkJ7HiE7gTxfjS/bMDEl3ZcDVPLtzlexsu2PRmLrdk05+u7fxGDFz90q5xeB5B6xtLirB/4o1Pk/AsVj5RJA3vHsseDoWSTV06jivcC5iuZyJOSMzkrlRLCvJhl+kof84vnPEDKDT+WlUqcRQzHSid4RiVw9qNUBvuDZoVjQXNaAHeOM8IIPP7s0V1364X6mCAC2k7RZEY4odfHn8fXRr0v+xKGjoXVIbW3y9kHQpUFoO2oLRGcFedrD1mcEsAo1YIwbVW0L5tb1QARAQAB",
                            "gpg_keys.1": "xsFNBFrcoDABEACmTiN08BGCQFXX1JNAy/Q+0O33/VE9DN3XyFfiVpMa0vlLMWe2cJlYroyIO0n38TBgsqWBEgN15Kntpoo1+opMmx+hrSEAGuOyW8j4oWMUOnXuK8wzRd+/9C9J8RyPC0WlY8K/btJ/OJ44Jzqrh2J2QIq1Amx+PybnAF2fcTX5UH2jTyBotRObpElOUN5mSorbj5PgYiDjX1NkIx94riZQSqNRnGZtlt7V0DlZZcfiz6HcGUZmSGlqKAAZBQs74A2bCIMuakbwVJo8fPfEUvqGPkibc1ADw9k0sdf+cdFDA1U9K3MpSOiLJ0ZfggAm7pft20Nz13pMmdGJCnV4kTrRHVW0aYU2SdGhJD1kcG3kLUiKd4icsK8F89uYkAGqS/OuXG3SJq/I9AVjGvS3M9WFu33ZkVSN6Mx13SVGBOl7zBy8EPmXFDGA4GqdhUCFBp+saWbe3zt9dkQbc6Iz0zvyy6uXBlzOzwuDt76bcwuFrqD5lfg3XHKyM+V85dG67ZUFDqKmOdp9OgRgL5bgvRXDhsNGvZPU6fFyPb/IRBKHvdvHSmyKzp4KBc/+ly8CE28Aj+yXBeeSVW2pzf5r9oND1Q92IfwvmDuR4fUrMSImROrZPuCF9YGsFL8IFK9LDY9Yeo0dES3SWxNuqNqvQikK2a8uhHUhwc6B7fLpxpH3swARAQAB",
                            "gravatar_id": "",
                            "id": "3193694",
                            "location": "London, UK",
                            "login": "robinmitra",
                            "name": "Robin Mitra",
                            "public_gists": "11",
                            "public_repos": "16",
                            "site_admin": "false",
                            "ssh_keys.#": "2",
                            "ssh_keys.0": "ssh-rsa AAAAB3NzaC1yc2EAAAADAQABAAABAQDGDwjlNTN0oxUGDPTCfMya4CzffhKTpoJfo3jF3zp3YtW4ivL/gzFl6kkF6tTlvdn/n+LjLYFen2a+Ht7dAeDpUxVkZvrZnC06mTzrmU1oJ75FYOhVqieTqGg1yF3Jdx3irqNtS+QhpLUD9UaUUoLZmZ0Q+T1IWlmhk3TMNgVjaiSRBOZcAwkiMtOXsluWqhTO2kTaPQReJiIsCRidAhpgYkX4aX5jF0wg+qqspKLE4T/XkXOEY3PWasIasB8m2qVLkzKGrQoyaF8n2/+XLClIOoTDcsHzWdmYFgrwIz/hRRUGoJK6e471ogEiXhZAl2Ju1XNeISfnwWka/BT2cSW5",
                            "ssh_keys.1": "ssh-rsa AAAAB3NzaC1yc2EAAAADAQABAAACAQDrZfMuJRmcRtpLS3X/oKTKiGwmFSjIEAZd3N3zszJd49BdSlqiXUl2LnZt89mdgzc2zDfrrM9jTbmlS5ImxDWMCgDnAxBSsQaV6vu4HAhsd11stV1qkspqc0vqbZbOVNEdz1r1g3Fodt5gatcZZ48G3Hb+x0L5ISW+74Ie3WJkQZpVj11dUNyyfSHW+b7Ue2kniosRX9+slJUzvxuJswkYP65broIZ/1xe6LB566m1lg0Qg3YJn1IAVXMXbfE4ZqgMwjXPKv6EYPy5AHuChhxqlT/aEZET8jn7Z0H01csWVIsdAal9BO/RFoi4PDZLyyKSbCtUv4SlfYLMW540Qn+0Lkn3BqgFRAgqcwOmXtE2B5GX7lN5qK1voeS0wEMgJ+uO+eyt81da10bDbpB+qR40Bxefobs1FjefuAY7/y6ApEolB9Azm3U3f9Z7tK4CmomnjFcQZ+dLQJbJ+Ya4c77sDo1lR0iE4ZlP3LgnYC4pwy76XjLcAbMhnsuM/o8YjnPx7uS78kAWChD7kivcfNLOtt5GN/f6yPHAKJJdKUs9h9PNkAPc4Dmd+ZaF2MpopBBfzvI1rh08FMoW7JUsBsNKoWhQfi2LP0tMzaK3oOh/+gION5nYEWaQbdQr1T6LqaGGiLq2EfE0BE1LwdCd8QDyhDzoULKqLxmnRRtT4q16FQ==",
                            "username": "robinmitra"
                        },
                        "meta": {},
                        "tainted": false
                    },
                    "deposed": [],
                    "provider": "provider.github"
                },
                "github_membership.org_membership": {
                    "type": "github_membership",
                    "depends_on": [],
                    "primary": {
                        "id": "alphagov:robinmitra",
                        "attributes": {
                            "etag": "W/\"4e619d5a05fdeca62d947f190a29aeee\"",
                            "id": "alphagov:robinmitra",
                            "role": "member",
                            "username": "robinmitra"
                        },
                        "meta": {},
                        "tainted": false
                    },
                    "deposed": [],
                    "provider": "provider.github"
                },
                "github_team_membership.team_membership.0": {
                    "type": "github_team_membership",
                    "depends_on": [],
                    "primary": {
                        "id": "2826122:robinmitra",
                        "attributes": {
                            "etag": "W/\"a14591bba41eb8c0143ce2971e35612b\"",
                            "id": "2826122:robinmitra",
                            "role": "member",
                            "team_id": "2826122",
                            "username": "robinmitra"
                        },
                        "meta": {},
                        "tainted": false
                    },
                    "deposed": [],
                    "provider": "provider.github"
                },
                "github_team_membership.team_membership.1": {
                    "type": "github_team_membership",
                    "depends_on": [],
                    "primary": {
                        "id": "2826127:robinmitra",
                        "attributes": {
                            "etag": "W/\"ec00cbd3a7117fba5d6eb5c89a985a56\"",
                            "id": "2826127:robinmitra",
                            "role": "member",
                            "team_id": "2826127",
                            "username": "robinmitra"
                        },
                        "meta": {},
                        "tainted": false
                    },
                    "deposed": [],
                    "provider": "provider.github"
                },
                "github_team_membership.team_membership.2": {
                    "type": "github_team_membership",
                    "depends_on": [],
                    "primary": {
                        "id": "2826126:robinmitra",
                        "attributes": {
                            "etag": "W/\"525d2e41fbb0ab2541c3601c9d214a0f\"",
                            "id": "2826126:robinmitra",
                            "role": "member",
                            "team_id": "2826126",
                            "username": "robinmitra"
                        },
                        "meta": {},
                        "tainted": false
                    },
                    "deposed": [],
                    "provider": "provider.github"
                },
                "github_team_membership.team_membership.3": {
                    "type": "github_team_membership",
                    "depends_on": [],
                    "primary": {
                        "id": "2826123:robinmitra",
                        "attributes": {
                            "etag": "W/\"56f2fa5bee4cd8790fa61f1e95271555\"",
                            "id": "2826123:robinmitra",
                            "role": "member",
                            "team_id": "2826123",
                            "username": "robinmitra"
                        },
                        "meta": {},
                        "tainted": false
                    },
                    "deposed": [],
                    "provider": "provider.github"
                },
                "github_team_membership.team_membership.4": {
                    "type": "github_team_membership",
                    "depends_on": [],
                    "primary": {
                        "id": "2826125:robinmitra",
                        "attributes": {
                            "etag": "W/\"52ccbdbaf7fe15d6a74eb9c49f19d8cb\"",
                            "id": "2826125:robinmitra",
                            "role": "member",
                            "team_id": "2826125",
                            "username": "robinmitra"
                        },
                        "meta": {},
                        "tainted": false
                    },
                    "deposed": [],
                    "provider": "provider.github"
                },
                "github_team_membership.team_membership.5": {
                    "type": "github_team_membership",
                    "depends_on": [],
                    "primary": {
                        "id": "2915520:robinmitra",
                        "attributes": {
                            "etag": "W/\"de011aa180d41421cc3e628c26887775\"",
                            "id": "2915520:robinmitra",
                            "role": "member",
                            "team_id": "2915520",
                            "username": "robinmitra"
                        },
                        "meta": {},
                        "tainted": false
                    },
                    "deposed": [],
                    "provider": "provider.github"
                },
                "github_team_membership.team_membership.6": {
                    "type": "github_team_membership",
                    "depends_on": [],
                    "primary": {
                        "id": "2915524:robinmitra",
                        "attributes": {
                            "etag": "W/\"99e0e2e4b14bbe8c9240bfc6ac5f4674\"",
                            "id": "2915524:robinmitra",
                            "role": "member",
                            "team_id": "2915524",
                            "username": "robinmitra"
                        },
                        "meta": {},
                        "tainted": false
                    },
                    "deposed": [],
                    "provider": "provider.github"
                }
            },
            "depends_on": []
        },
        {
            "path": [
                "root",
                "user_ronocg"
            ],
            "outputs": {},
            "resources": {
                "data.github_user.user": {
                    "type": "github_user",
                    "depends_on": [],
                    "primary": {
                        "id": "4973404",
                        "attributes": {
                            "avatar_url": "https://avatars2.githubusercontent.com/u/4973404?v=4",
                            "bio": "",
                            "blog": "",
                            "company": "",
                            "email": "",
                            "followers": "0",
                            "following": "1",
                            "gpg_keys.#": "1",
                            "gpg_keys.0": "xsFNBFayNs4BEACxDuBWUkQ6ycBa/UIbvb4R/0ps22x0MnTGV1Xa+WOdsT06WVZ9oGGDA0ev1s6VGUw6Z1uxmRRw8HAho+XSTHXCi/UDPmB3eyK7geA4+4OnqNu31V+fADMcOsYDLMDh1ay7qHLtGFaShN6XjDBZmQhpLZO6/tH2LsOpHmUoITCqtp996W7+gUkIy8/3t1eCdOqM4WciNSFJraKxdZbVFhF/cpGMEQFP4pEzjK0Lc4LZ3NRk0aBQmRcp1gjRiVdR5qvK3esFEhzRyuImB1q8xZ31Ja56vdJSKH1vQgMmhBmUIbJNlqmj4vZalesQqCiTvLuo2PJMs0ZjFrOEz4KvIJIZRwDQaj0WGK6d94KgmbP+puChzXu2/IxHaopxXorl4TZyjYBve24NjnbHVpLab+x3t+u9wSCDzUWodoh6gY/9qm2yzt13LqgcgbdhAP3NZ4GugHKzPj8dpkYIjcIFlkDDCe3m0xtzlIzgS9jOwNU/A8fkkWIBXMR6xyoSMVJR0Rvm7wMQZmCQ+9/VpUF4imv/BNZA8KwPpdtasdENnh0i2ptsfUxWIQql0QH9Mgvx4NJNN/r8JAwAFWO5/2AfPaHV9CgnwXHqJpxoIvDtIMKAdpKQR2lbU4aAsI90ObXYxprI7gvdWOCTyO01Q2f5Z3kroAnAEGIvo7Grmkl7ethYMQARAQAB",
                            "gravatar_id": "",
                            "id": "4973404",
                            "location": "United Kingdom",
                            "login": "ronocg",
                            "name": "Conor Glynn",
                            "public_gists": "1",
                            "public_repos": "4",
                            "site_admin": "false",
                            "ssh_keys.#": "2",
                            "ssh_keys.0": "ssh-rsa AAAAB3NzaC1yc2EAAAADAQABAAABAQDUSsLykW5SixwnSgsppEVG9ZOViuGznm/8Z3CjGNMNb3JnBZCrpsBP+RjNiPwldu4NKVCDinhbPLKDojE07LqTOVD12crUX7DYhQ0FNPip3MHCnFJI5s08fZ4uFR+pOJyT7iOBVnLGCRCcmxwNMWPGEYmRi0Yi5PeROxIFP/E4Y8iFemD50eK3Upj4biZi97+0U9+y+MB4VJ0qqmyG/I2unhBsUNPgSamdZIJ7OnU22YCSOSJbNLzArsLRu9txrLhknkYPM46L2Oy+N34NPx1lB0Y1J3csfNYPperAPm62Fwqk/JCIhdo5hiOXimzobWQhyaTaImL4d+lifA4u072V",
                            "ssh_keys.1": "ssh-rsa AAAAB3NzaC1yc2EAAAADAQABAAACAQChXVB0+ZEc2KB1147WHGbhSUGyB2xeLnwJ4CW9V9hWdTgGWMuiWOcgFc1BGGbQ2I6Be939/JzqmsNOlguB0Qq5OJgcHelgB2+qAqEb1I9gYwKFFoIOIpiG5WNNKfbY+C2OjW6zCy9n0bNdXuSDzG2becfeCtSurdoVQNwt54AEXNtQAjUqPk+T4pHpMdWpDIMamDw8PY8PG3hypr6ao5vy/vBOaIKezAGIsDnr8eVIVkaV/TCE9RRQLxpN/tXCowzRbAmIko7so5iKoQOXSzHLMk/dehDk4oQg8pdRG7n/QW3NXFg1KbS3STgUb/8uigwAVRWCEd9LysDaceUISZ2JOP2f692f/z2rA1gCQiM5qJBOTGzL980PfcnTcKA8LI7A//S+UdWEONThQlpnZf+aFTaLHLvuBNO4awOoMorDkI7FMUvyGTHKJVHqebHwBoFMKghn9tzQ/GKK+o0zNgZ5nZaVGRRzRhxv/UueYVPPlRAf0w5GRPzx4vyOc7PE4M6amIDrIG8xojVFn8m3KwQumU78m297HzWtK3CSJSDrU1k2gpHdM/8AArRtYhIyPl7w/CaC+GrVMpG3I4r1HFzR92qQ66aUanoqr40CXwL+kbyZirt3u4km2c140/qX3UJQYcmObk43MjepFxuVmRIqCqjsfBFp4ZpIqOhQdsr37Q==",
                            "username": "ronocg"
                        },
                        "meta": {},
                        "tainted": false
                    },
                    "deposed": [],
                    "provider": "provider.github"
                },
                "github_membership.org_membership": {
                    "type": "github_membership",
                    "depends_on": [],
                    "primary": {
                        "id": "alphagov:ronocg",
                        "attributes": {
                            "etag": "W/\"2b2ce747c3497eae9b3e80224f57ba5b\"",
                            "id": "alphagov:ronocg",
                            "role": "member",
                            "username": "ronocg"
                        },
                        "meta": {},
                        "tainted": false
                    },
                    "deposed": [],
                    "provider": "provider.github"
                },
                "github_team_membership.team_membership.0": {
                    "type": "github_team_membership",
                    "depends_on": [],
                    "primary": {
                        "id": "2826127:ronocg",
                        "attributes": {
                            "etag": "W/\"96a6d0fc26c21abcd525f07ffd231b50\"",
                            "id": "2826127:ronocg",
                            "role": "member",
                            "team_id": "2826127",
                            "username": "ronocg"
                        },
                        "meta": {},
                        "tainted": false
                    },
                    "deposed": [],
                    "provider": "provider.github"
                },
                "github_team_membership.team_membership.1": {
                    "type": "github_team_membership",
                    "depends_on": [],
                    "primary": {
                        "id": "2826126:ronocg",
                        "attributes": {
                            "etag": "W/\"68776fd49bae26d4f43d9c2431f5fd45\"",
                            "id": "2826126:ronocg",
                            "role": "member",
                            "team_id": "2826126",
                            "username": "ronocg"
                        },
                        "meta": {},
                        "tainted": false
                    },
                    "deposed": [],
                    "provider": "provider.github"
                },
                "github_team_membership.team_membership.2": {
                    "type": "github_team_membership",
                    "depends_on": [],
                    "primary": {
                        "id": "2826120:ronocg",
                        "attributes": {
                            "etag": "W/\"c29129a0883b50fa788b9075ae8f159d\"",
                            "id": "2826120:ronocg",
                            "role": "member",
                            "team_id": "2826120",
                            "username": "ronocg"
                        },
                        "meta": {},
                        "tainted": false
                    },
                    "deposed": [],
                    "provider": "provider.github"
                },
                "github_team_membership.team_membership.3": {
                    "type": "github_team_membership",
                    "depends_on": [],
                    "primary": {
                        "id": "2826125:ronocg",
                        "attributes": {
                            "etag": "W/\"79ce2f3046b431f4043727cd1bbc9869\"",
                            "id": "2826125:ronocg",
                            "role": "member",
                            "team_id": "2826125",
                            "username": "ronocg"
                        },
                        "meta": {},
                        "tainted": false
                    },
                    "deposed": [],
                    "provider": "provider.github"
                },
                "github_team_membership.team_membership.4": {
                    "type": "github_team_membership",
                    "depends_on": [],
                    "primary": {
                        "id": "2915524:ronocg",
                        "attributes": {
                            "etag": "W/\"ebaea4d439ab08c1fa3d38ee4cd23f97\"",
                            "id": "2915524:ronocg",
                            "role": "member",
                            "team_id": "2915524",
                            "username": "ronocg"
                        },
                        "meta": {},
                        "tainted": false
                    },
                    "deposed": [],
                    "provider": "provider.github"
                }
            },
            "depends_on": []
        },
        {
            "path": [
                "root",
                "user_rosa_fox"
            ],
            "outputs": {},
            "resources": {
                "data.github_user.user": {
                    "type": "github_user",
                    "depends_on": [],
                    "primary": {
                        "id": "5963488",
                        "attributes": {
                            "avatar_url": "https://avatars1.githubusercontent.com/u/5963488?v=4",
                            "bio": "",
                            "blog": "http://www.rosaemeraldfox.com",
                            "company": "Government Digital Service",
                            "email": "rosafox89@gmail.com",
                            "followers": "26",
                            "following": "7",
                            "gpg_keys.#": "0",
                            "gravatar_id": "",
                            "id": "5963488",
                            "location": "London, UK",
                            "login": "Rosa-Fox",
                            "name": "Rosa Fox",
                            "public_gists": "31",
                            "public_repos": "36",
                            "site_admin": "false",
                            "ssh_keys.#": "2",
                            "ssh_keys.0": "ssh-rsa AAAAB3NzaC1yc2EAAAADAQABAAACAQC9D0hz7MNQL9ywlC4OfhhirQwc6dmUJE1hPan32rGq3WKVVtNCRyycB3UTu2GZ7vEBahYFx9Sxf/tbOAwuhGEgaOvGPepvslKltY9X+A92z7KneK12UyX4TTtuKZMAfCMKC6auoXyROuxPNpxFBrrmPHhySbftaxjjM5ORh1btef+GKyhbrqyFwzUq5AuylAacE3aiS8+A00FNs9aRPcnMMu6vDCFsaUKrDh4U9nIb3fa2d+mQAbuGpEw+yYN0gPmCE9x9zXN/rPXBxboTqOMnLvqPiuMebnV8Ec9/puSzYMREi+VrqMxun1/GsAh0GDvYIEPrKSYdIxQ4/Q4f23sPUF1UZBlqxdaVQFP/QH+E35woNQRF1/ulxxOflHMUPna36Cuw8aJRb4FZ+lyVF23qCNpUP1upa82aDadfcZPRMPk5nscrOFQJBO4JgTWosfofFdFEdgznuUfTi7+QFoVVRJ6SFNmeSF6Av09FQ4pkRjiNZF2LI7xgJ65ZkfNiJn/0A8w4lx9XioNNtfZunCPz3pQzgRSqZyw4SyZHZalm7MDRp1oNKrESqQy+cLPNWcogKI93YG3HckXK5hDGJOH1xWHO1jNZ99fr9da+ej0En5hRQE1xjQyFSvvZi/d5G4gabunjSzSrcfu2FYryr3CcFCJS8XOZUF7IbHu51g8c5w==",
                            "ssh_keys.1": "ssh-rsa AAAAB3NzaC1yc2EAAAADAQABAAACAQDc4WFKxhyxLItpYixyf/0o0Cou3/mW/Ktd5y0ij7QqLX5A/b+poJXc+6zwM4XbJAz8mcvWi9wsMlv5j9yjSa9n3MQsM/ZMfw5pNAujeP7/+TgTISAAJt7hRmtWvRu6sS/5EsITCTPkEIDDLKfuSvSy0gou+zetp22GW/PgnK0xaykgLWPGGXhEFVm+6bOBFq2vGZUYn3bgbSQZzozWGT1tVZePwTceX3KLOTOkis6chCv5UHh1a5YE9upfZym6IDCgKBkRA+Wv4vatbXy/ULDoSFzgT72unNdddu6kjixy+E7KpWPPqQjEDc8Bmel1gXr52sbg1+Xacj7LjKbGnvzyFmdPAZXMtQTu14zsIx9Z4F3Sha8qP05XkXANvzHmhGn3XuoSa4fARqngrnSAvuGILytd8m8jGtM3TfDJueJJ2EX5I6YBUiDeJPnKzh3MZXJFh3niCee+lupUGON8Wo/JrUsw+Hs/kMPeIu20eEynm+m5OdHwGb39arB8YAdWHTxumBG1rsn60GpXGAdD+b41ghzZr32U73m2fuXnRjTMrTj2L6gJZRfxdoELCE2OfixdABMT51V0LbSnvXc/uGIoRx6qqas3LRXFdAwqTF7foR+k6GGtQYSiSp6e+/rZGGEGOKIXJdDTYjxc4neFdNRLP3UiV1ys0B3iWw2Sgrwu/Q==",
                            "username": "Rosa-Fox"
                        },
                        "meta": {},
                        "tainted": false
                    },
                    "deposed": [],
                    "provider": "provider.github"
                },
                "github_membership.org_membership": {
                    "type": "github_membership",
                    "depends_on": [],
                    "primary": {
                        "id": "alphagov:Rosa-Fox",
                        "attributes": {
                            "etag": "W/\"e0346c1788c31ef659f2689119d2ae4c\"",
                            "id": "alphagov:Rosa-Fox",
                            "role": "member",
                            "username": "Rosa-Fox"
                        },
                        "meta": {},
                        "tainted": false
                    },
                    "deposed": [],
                    "provider": "provider.github"
                },
                "github_team_membership.team_membership.0": {
                    "type": "github_team_membership",
                    "depends_on": [],
                    "primary": {
                        "id": "2826122:Rosa-Fox",
                        "attributes": {
                            "etag": "W/\"ee8ba6c96662fefa157a15f2273c6668\"",
                            "id": "2826122:Rosa-Fox",
                            "role": "member",
                            "team_id": "2826122",
                            "username": "Rosa-Fox"
                        },
                        "meta": {},
                        "tainted": false
                    },
                    "deposed": [],
                    "provider": "provider.github"
                },
                "github_team_membership.team_membership.1": {
                    "type": "github_team_membership",
                    "depends_on": [],
                    "primary": {
                        "id": "2826127:Rosa-Fox",
                        "attributes": {
                            "etag": "W/\"12de535237b4f2b32d40474aad748270\"",
                            "id": "2826127:Rosa-Fox",
                            "role": "member",
                            "team_id": "2826127",
                            "username": "Rosa-Fox"
                        },
                        "meta": {},
                        "tainted": false
                    },
                    "deposed": [],
                    "provider": "provider.github"
                },
                "github_team_membership.team_membership.2": {
                    "type": "github_team_membership",
                    "depends_on": [],
                    "primary": {
                        "id": "2826126:Rosa-Fox",
                        "attributes": {
                            "etag": "W/\"038ab0f3a5f89fdb985741e194499f58\"",
                            "id": "2826126:Rosa-Fox",
                            "role": "member",
                            "team_id": "2826126",
                            "username": "Rosa-Fox"
                        },
                        "meta": {},
                        "tainted": false
                    },
                    "deposed": [],
                    "provider": "provider.github"
                },
                "github_team_membership.team_membership.3": {
                    "type": "github_team_membership",
                    "depends_on": [],
                    "primary": {
                        "id": "2826123:Rosa-Fox",
                        "attributes": {
                            "etag": "W/\"bfeed24ecee39e3711b4aa63f68a717a\"",
                            "id": "2826123:Rosa-Fox",
                            "role": "member",
                            "team_id": "2826123",
                            "username": "Rosa-Fox"
                        },
                        "meta": {},
                        "tainted": false
                    },
                    "deposed": [],
                    "provider": "provider.github"
                },
                "github_team_membership.team_membership.4": {
                    "type": "github_team_membership",
                    "depends_on": [],
                    "primary": {
                        "id": "2826125:Rosa-Fox",
                        "attributes": {
                            "etag": "W/\"f839b607409b4c5344a458cf00e0064f\"",
                            "id": "2826125:Rosa-Fox",
                            "role": "member",
                            "team_id": "2826125",
                            "username": "Rosa-Fox"
                        },
                        "meta": {},
                        "tainted": false
                    },
                    "deposed": [],
                    "provider": "provider.github"
                },
                "github_team_membership.team_membership.5": {
                    "type": "github_team_membership",
                    "depends_on": [],
                    "primary": {
                        "id": "2915524:Rosa-Fox",
                        "attributes": {
                            "etag": "W/\"95c3de50d86172095350aacb70753a80\"",
                            "id": "2915524:Rosa-Fox",
                            "role": "member",
                            "team_id": "2915524",
                            "username": "Rosa-Fox"
                        },
                        "meta": {},
                        "tainted": false
                    },
                    "deposed": [],
                    "provider": "provider.github"
                }
            },
            "depends_on": []
        },
        {
            "path": [
                "root",
                "user_sakisv"
            ],
            "outputs": {},
            "resources": {
                "data.github_user.user": {
                    "type": "github_user",
                    "depends_on": [],
                    "primary": {
                        "id": "4289633",
                        "attributes": {
                            "avatar_url": "https://avatars3.githubusercontent.com/u/4289633?v=4",
                            "bio": "",
                            "blog": "",
                            "company": "",
                            "email": "",
                            "followers": "9",
                            "following": "8",
                            "gpg_keys.#": "0",
                            "gravatar_id": "",
                            "id": "4289633",
                            "location": "London",
                            "login": "sakisv",
                            "name": "Sakis",
                            "public_gists": "3",
                            "public_repos": "9",
                            "site_admin": "false",
                            "ssh_keys.#": "4",
                            "ssh_keys.0": "ssh-rsa AAAAB3NzaC1yc2EAAAADAQABAAACAQCc3z98h7pqOnSa5tI1Zk2SMIbFuPmUJoq6QGyymlsmlrNPEwcpaS+batyROwRc3ba2AaVjJCHHMa5k1IQ5H7sNGseWj3fmIkH3d3S4qN1Q2K9NU19txEtbHSCYfLJa1zjVD/ttnPufpWnLmLCtFrHjO0fvqT0Jox//fvY0e7jkn0xBzVXz4qk1qKWbKx22gvuMQa+uRSzDnrZ9T4v2BZwEDECcum3qn1vU322cKfE9XWfKtJD2aaGpQTyRWExgJyA4iwdqDGkeE2cjo/AGBTTpnNvu/XRPnwINAi0kbCk9bto+0vzrnudV42msMt/Mq7bXn+5EST82Sm1jN5+EfpTN+VFVIP0Bqe6dlPF1dP/mWpbxObFowrY/I0fd37sSz3ej84GcFrqif4xXthd3YrFLluqh12G13xPPXVtxHtNzMOAtYw5GC2W1fyqurDYxb6KDmkqvkdrSkzrBAXvJTJbpLLZcBhHYIrNpt2VD5tJcc1+Vi1jupM4SVOsmRhAqr980IFyRm63ksIUqC3zV4s0n1eDEqs6/tlAWIU6RRtzfYaeuD6P7WcjT5ipcWyPLSUSK6X0DhxSYkjdxiZ5/q2phgIzonFUfU7PyUDjDG3GZqXc+8WRXvmcjoQsTXeWlZ6vJFh3vOWEuhyN/fgjl0OADwj/dLVN38lp5/ylM0qUoiw==",
                            "ssh_keys.1": "ssh-rsa AAAAB3NzaC1yc2EAAAADAQABAAACAQCjMsssUUkOef9B11ErWLO51I+K6kYkveNZD7EMfy4zmeD00f/s8EVQqq3upi4npqyU3WGea+gr1wIFIKIZQssDEMKGPkS8StOCZ+iwu6wmz45ZWZ6L8pphhLAQjy8Vd1qk84uj2jNmkdDKQlvUkiUYMrH0bGdiTAguaKTD+PtWtWisew7p47dTBm8qgpjRv1MvSuis5poYsRfB3/oXleageafGhC+0n+SGT7SR0diHzdUJTbJMRdLQ/fxkDgCQgjIbUsVrztLTz4LntZQqBuoSQIGVO81+eKGeTtN+9NrFa2UhAn5mAdIw4UVXLocmumsqbUvVSqXP9SXZwrst/2VMPaSa/6BraQcMZyAAg8h6HDCC2ciLHzpEcM9gEaLfwf7LmSUcRpMTLWHoKGUPh/5b84eph4uHWW+xii1s14ik/Ta+9Lcp7awXLWDwXWYS2DiWWSzM5Vdr3NaQk5aDKEgKBuOu9il0l30zvOXF9ciqChUKRRuOf/AductP9+FeVuHt8svEht7JP/5anQPrZGjzTeO1U66Z9hKXYxq/rCsr0Z0f28/KItPaoI8ie1QAsvxmVQ4XoiLjIUubmfxPjnyL0uH0nlNCbooWEyf+Fb8Em1G6ib2hpl6ghz96lOVO5DwjTa6fz+zjK5+wyWlYQOzDyIylmSmji0TQEge3f4bYgw==",
                            "ssh_keys.2": "ssh-rsa AAAAB3NzaC1yc2EAAAADAQABAAACAQC2i6QBDsYRlNsrLFtpDlrCXOZue9aymBoyFtsaAyhzr/2o27JOMIrILFGJ+kbJs/Awl6l9rVy9byo9trW4WQbLnHXvZzj1ESYZsZ3vRrS/0q9IxoIQp/EJE19ySirC4mCY2NzC9p2ApYfLGjsdzfn9ujm2NZUYX+tHS8KoG1S0LYIoGVPK344Ny26MHl9iDFB590W+qgHVrNDmlu5HoMbhJh4aMp9ye6/W+8gjUc3zxyepTi5X89tYoQXTbEmTrUhp2CC80PdC6z6bQx8ZfsOF90tzBpyQxQ7MjkjUk20DFKO7mUr7yBFFUB+tPgCYvAt5HPp45QIjZQBe1btR0vKy/T1CyteMy+9jUbt6rBQLsCmx1s2TgOyJQDEyOHgYz9iXeRi9cjthHXLDVZJvQoGgdpWj8t42lv+r/7DVzfXYTDJxJAuiPe5mL5WgzxYAZs7FXdfszfqu22F1DtNSbNAElupMUMuX3iTHlv5HRTQucjb6LzqsLVNiHOuz5SIkobn+R23OcxHTEYz1vdKGLl1TdXvBWSo/lUNVQRTw4s8WD6CyfFhFeGKdsbsYJexky1TDMpo0tbuvYCTpsDajYltskxBfqMKyAOBPQw0GrVelUNO9AYPYFVJ2q8mDCYqPKOUfaDlxeWnS/JoQtktdSwFNOnKfr+x9xT2vGHySBtOjgw==",
                            "ssh_keys.3": "ssh-rsa AAAAB3NzaC1yc2EAAAADAQABAAABAQDCAOp6yItdW+F3R13iJZIZMqFthb7heQrPdGV/923SWCttBGTPLP9mzd2hgU4aP/MJh89k/+6S94fPfas2J+WyBnykOlwG6Y6rcYRjgNgQY43G1riiclZCHsVQtcWhZ7PkTx7qYYY1I5qs13baarQ6fMPOJqm7jbT43MrAYJ1pBW9P+DSOtjeOWMyrAtAYbf4mDNhezEorxUs0LJVRmkTjx73jRBoqCf0n1bhVSD7hOvKjTIx653Z6l1lpFiE+GP2rQedUj0+rv3du3kJJNmRGsRAHlHsmp6TJdmkvKF74WyAnL9zElyCxG7EQDszYItoQX5UqkXHDoQNE07DiCwLd",
                            "username": "sakisv"
                        },
                        "meta": {},
                        "tainted": false
                    },
                    "deposed": [],
                    "provider": "provider.github"
                },
                "github_membership.org_membership": {
                    "type": "github_membership",
                    "depends_on": [],
                    "primary": {
                        "id": "alphagov:sakisv",
                        "attributes": {
                            "etag": "W/\"3c893231c143f46492c583637462a36f\"",
                            "id": "alphagov:sakisv",
                            "role": "member",
                            "username": "sakisv"
                        },
                        "meta": {},
                        "tainted": false
                    },
                    "deposed": [],
                    "provider": "provider.github"
                },
                "github_team_membership.team_membership.0": {
                    "type": "github_team_membership",
                    "depends_on": [],
                    "primary": {
                        "id": "2826127:sakisv",
                        "attributes": {
                            "etag": "W/\"ede70973c0590f4859e7fd338561a6ba\"",
                            "id": "2826127:sakisv",
                            "role": "member",
                            "team_id": "2826127",
                            "username": "sakisv"
                        },
                        "meta": {},
                        "tainted": false
                    },
                    "deposed": [],
                    "provider": "provider.github"
                },
                "github_team_membership.team_membership.1": {
                    "type": "github_team_membership",
                    "depends_on": [],
                    "primary": {
                        "id": "2826126:sakisv",
                        "attributes": {
                            "etag": "W/\"813fd35cc358db8af3a76df0f786c88d\"",
                            "id": "2826126:sakisv",
                            "role": "member",
                            "team_id": "2826126",
                            "username": "sakisv"
                        },
                        "meta": {},
                        "tainted": false
                    },
                    "deposed": [],
                    "provider": "provider.github"
                },
                "github_team_membership.team_membership.2": {
                    "type": "github_team_membership",
                    "depends_on": [],
                    "primary": {
                        "id": "2826120:sakisv",
                        "attributes": {
                            "etag": "W/\"b586e70bef60e0728081b411e129762f\"",
                            "id": "2826120:sakisv",
                            "role": "member",
                            "team_id": "2826120",
                            "username": "sakisv"
                        },
                        "meta": {},
                        "tainted": false
                    },
                    "deposed": [],
                    "provider": "provider.github"
                },
                "github_team_membership.team_membership.3": {
                    "type": "github_team_membership",
                    "depends_on": [],
                    "primary": {
                        "id": "2826125:sakisv",
                        "attributes": {
                            "etag": "W/\"23c826a02e28680362e42a375c274494\"",
                            "id": "2826125:sakisv",
                            "role": "member",
                            "team_id": "2826125",
                            "username": "sakisv"
                        },
                        "meta": {},
                        "tainted": false
                    },
                    "deposed": [],
                    "provider": "provider.github"
                },
                "github_team_membership.team_membership.4": {
                    "type": "github_team_membership",
                    "depends_on": [],
                    "primary": {
                        "id": "2915524:sakisv",
                        "attributes": {
                            "etag": "W/\"c9b4ea1b0da76831b9433fe68ee3a30f\"",
                            "id": "2915524:sakisv",
                            "role": "member",
                            "team_id": "2915524",
                            "username": "sakisv"
                        },
                        "meta": {},
                        "tainted": false
                    },
                    "deposed": [],
                    "provider": "provider.github"
                }
            },
            "depends_on": []
        },
        {
            "path": [
                "root",
                "user_sarahdean"
            ],
            "outputs": {},
            "resources": {
                "data.github_user.user": {
                    "type": "github_user",
                    "depends_on": [],
                    "primary": {
                        "id": "28869085",
                        "attributes": {
                            "avatar_url": "https://avatars2.githubusercontent.com/u/28869085?v=4",
                            "bio": "",
                            "blog": "",
                            "company": "",
                            "email": "",
                            "followers": "0",
                            "following": "0",
                            "gpg_keys.#": "0",
                            "gravatar_id": "",
                            "id": "28869085",
                            "location": "",
                            "login": "sarah-dean",
                            "name": "",
                            "public_gists": "0",
                            "public_repos": "2",
                            "site_admin": "false",
                            "ssh_keys.#": "1",
                            "ssh_keys.0": "ssh-rsa AAAAB3NzaC1yc2EAAAADAQABAAACAQDH0JgSldKKHgycFbJ+96rIT6mxlw0vAa3VskdFYbJpsXBfk72ATx5tykeGme9eMr9Lv/v4CFFUwC3zUJ+vGOkC80qUGObOLHyWU8/1J7un2Y3dqe3U6nHreoWmCkSz+P4kdhZ5qpCrPxhqgxi/xc+EBoetiZ6dxZQJEXWvssE0CTk16SBCYwo9r+Tthn1lyxr6wx4caEKCoBxP6keOhTIK81zpHc3MHPBJ1GPWAqeEwA+jMeUxVk/CCabIQ8X6SbxSalHcN2rbgWUChTd9nEWYGOCXf8+iAVIKTRtz3Q6ginjHWLq93Lij8w8ivaYQHEPOR1Yp9E3qcHe9UMXFnV9XsKO9cQbvqu/otGCRXr2HYyUHIH1vG9WgeitONhcUtA6GWm1eA2vxOCM34NFfLGriJdPSOZuiwg9ZkvrOuoLemAU0ZJAhzdOOZvUZ7f/LvwAP6m8OJQ86S9mRdnFl2LtzAblaj/m35H9LCEJZg8FOxTefYhlOLf4HBVQc5LK3Pc/T+6NXjX+4NLDAku6iqd6XFRpr2HSIP5TAVOu7geWXzZq0hfKwvnUTXeQd/D2/JU/NjIzYXFuugR98B6GYa8Va7n0oy9ZDLZjHZslNT6x2ZkmiTs8rtwMeqPHOpGUbhB3JG6wOJxbi9HVHIYXbDbAAksyZGXj5U0Ru5ydIuz91xQ==",
                            "username": "sarah-dean"
                        },
                        "meta": {},
                        "tainted": false
                    },
                    "deposed": [],
                    "provider": "provider.github"
                },
                "github_membership.org_membership": {
                    "type": "github_membership",
                    "depends_on": [],
                    "primary": {
                        "id": "alphagov:sarah-dean",
                        "attributes": {
                            "etag": "W/\"ff994c59f00fbf91ecb7051e20fa81a5\"",
                            "id": "alphagov:sarah-dean",
                            "role": "member",
                            "username": "sarah-dean"
                        },
                        "meta": {},
                        "tainted": false
                    },
                    "deposed": [],
                    "provider": "provider.github"
                },
                "github_team_membership.team_membership": {
                    "type": "github_team_membership",
                    "depends_on": [],
                    "primary": {
                        "id": "2826124:sarah-dean",
                        "attributes": {
                            "etag": "W/\"bae2897429d2e4a097555b34c7a62fc1\"",
                            "id": "2826124:sarah-dean",
                            "role": "member",
                            "team_id": "2826124",
                            "username": "sarah-dean"
                        },
                        "meta": {},
                        "tainted": false
                    },
                    "deposed": [],
                    "provider": "provider.github"
                }
            },
            "depends_on": []
        },
        {
            "path": [
                "root",
                "user_sgreensmith"
            ],
            "outputs": {},
            "resources": {
                "data.github_user.user": {
                    "type": "github_user",
                    "depends_on": [],
                    "primary": {
                        "id": "12048133",
                        "attributes": {
                            "avatar_url": "https://avatars1.githubusercontent.com/u/12048133?v=4",
                            "bio": "",
                            "blog": "",
                            "company": "",
                            "email": "",
                            "followers": "0",
                            "following": "0",
                            "gpg_keys.#": "0",
                            "gravatar_id": "",
                            "id": "12048133",
                            "location": "",
                            "login": "sgreensmith",
                            "name": "Simon Greensmith",
                            "public_gists": "0",
                            "public_repos": "18",
                            "site_admin": "false",
                            "ssh_keys.#": "3",
                            "ssh_keys.0": "ssh-rsa AAAAB3NzaC1yc2EAAAADAQABAAACAQDJ9VjH1edH84ClyvccrUXCNTi+dGl9KhIiIq3V+Ahd4yDYL8Y4gPvVpbPQo239BZJoz86eM8jS+Vp/eE+eEKfY7bYpNY1Wp5igYabggI/sh9H9qbqnd0WdIpOhqN26wSE3EKsmRcDa+pDHfteMCxCOqE2bgHKb8f8U/qW5h90RUPFX0WDj4NQKoIfD3rB4psHCjfjvRrFUh9aG9/2Rw5eo/43ka9IMo2IOIhXhWtgJVO+2H5unrRYF6Y2pKsS+DZd+ga9UUmfyhTfl9z7dr5KEEF0KGheflHXiLHKCEvLQdK+K/4PiuF/Umt7OcJ8TKyI58r102ww8pde0HpyE9iiWePZfPNq5/YCJrjMWhPMBTDdR0moiTPbWLig9KywoY7dmG1WdE/0AERrHbwLklRRzEnJWKfABFEpgyWI9V9NbgWQ8z0xPI9gbx4k+pkmbhvPXfn4vTsahRO6Btj4h2JtGXJj/wCgfGQiORwaCjUKe3NRksHq5a4iMa3P9qA72cIDtwwRK8lYz8q2nwudfIUTp6pD5zebltnN+l1o9QMb63/m+vjFPt726yikFbqjqH+4zM4U3a4GXKaWlj7wzvCm54Wwi0ZCnZsDctWmFAqqwjfO+JhEZcPdBSYPgp3cJ6RFC241hfO1u2AcFBtYdMoYMv6098X0e6cDVd3ewl5e5Cw==",
                            "ssh_keys.1": "ssh-rsa AAAAB3NzaC1yc2EAAAADAQABAAABAQDKghhc07Myu8zuY8lBKR4+ooApLupuO8ZopASQvvRS32dpHzpwreRCYDEai723uMaWFeVvAGdoqri9hPkCEn75fR1f9MfjyBdSCj7FUJnz+Qd8HHZgQY90KbC8H+5auuPurcQmYDPyQcMEJgOzHn7avvQSQ45Txns5p7SczLFZxUoNA+XW5XjH8Xil8TdnWeo0iIaLFPV6CTdMgedl2ksRuKcIgxA5s7zHQ74A928QXbyb3+rhArOTfQUt3q6/iJYWf9LBkWxx5y0+g5ZuhieSz917435UUcFfeKRoxK2pSU+k3ShmKP/QSWfujX3mgxANWVYV1Y8davIrdnIZhX3/",
                            "ssh_keys.2": "ssh-rsa AAAAB3NzaC1yc2EAAAADAQABAAABAQDCQGB+ctjx6ImAPuYAV7EuqsEoGYkiPgL5uUqXXDyKCAH1bdE56hA8G+kFeVdK6NbrKURhuz9q1BL06seLQEiGLogMWLUDI/joSCH1K4q6e9sNk6YPGzA5pI/viMYmrvn5wo2fnI6NLxszoz3rBKXZrYHXIN5vnYsqgyKq9D/2yPuOS6kJtNJm17DnCR0WwhmKapZVSLxXV5olFToW0xFMbxW7VaFcRu/VRbRP4X7Udp0P3ah1gJzBmDXIxGMh6O8EVnFihuhE4lRFb89vvCfqEBHO5on4wVsF+G7sG+bCpXMqKJOP758Yx7dJNUT75I3R9TF45X7BxoTHHFJvopjf",
                            "username": "sgreensmith"
                        },
                        "meta": {},
                        "tainted": false
                    },
                    "deposed": [],
                    "provider": "provider.github"
                },
                "github_membership.org_membership": {
                    "type": "github_membership",
                    "depends_on": [],
                    "primary": {
                        "id": "alphagov:sgreensmith",
                        "attributes": {
                            "etag": "W/\"4e28ea185af32aaceae8d453e7e3b63f\"",
                            "id": "alphagov:sgreensmith",
                            "role": "member",
                            "username": "sgreensmith"
                        },
                        "meta": {},
                        "tainted": false
                    },
                    "deposed": [],
                    "provider": "provider.github"
                },
                "github_team_membership.team_membership.0": {
                    "type": "github_team_membership",
                    "depends_on": [],
                    "primary": {
                        "id": "2826122:sgreensmith",
                        "attributes": {
                            "etag": "W/\"501369496a5f07e9fa6337160feaf096\"",
                            "id": "2826122:sgreensmith",
                            "role": "member",
                            "team_id": "2826122",
                            "username": "sgreensmith"
                        },
                        "meta": {},
                        "tainted": false
                    },
                    "deposed": [],
                    "provider": "provider.github"
                },
                "github_team_membership.team_membership.1": {
                    "type": "github_team_membership",
                    "depends_on": [],
                    "primary": {
                        "id": "2826127:sgreensmith",
                        "attributes": {
                            "etag": "W/\"4e7b70c8f24fa83e7856e774e50f40b5\"",
                            "id": "2826127:sgreensmith",
                            "role": "member",
                            "team_id": "2826127",
                            "username": "sgreensmith"
                        },
                        "meta": {},
                        "tainted": false
                    },
                    "deposed": [],
                    "provider": "provider.github"
                },
                "github_team_membership.team_membership.2": {
                    "type": "github_team_membership",
                    "depends_on": [],
                    "primary": {
                        "id": "2826126:sgreensmith",
                        "attributes": {
                            "etag": "W/\"02168b1bbf1d1ad1ecba7584fbecde57\"",
                            "id": "2826126:sgreensmith",
                            "role": "member",
                            "team_id": "2826126",
                            "username": "sgreensmith"
                        },
                        "meta": {},
                        "tainted": false
                    },
                    "deposed": [],
                    "provider": "provider.github"
                },
                "github_team_membership.team_membership.3": {
                    "type": "github_team_membership",
                    "depends_on": [],
                    "primary": {
                        "id": "2826123:sgreensmith",
                        "attributes": {
                            "etag": "W/\"b935a49a5c73218a80c57f8bd655d919\"",
                            "id": "2826123:sgreensmith",
                            "role": "member",
                            "team_id": "2826123",
                            "username": "sgreensmith"
                        },
                        "meta": {},
                        "tainted": false
                    },
                    "deposed": [],
                    "provider": "provider.github"
                },
                "github_team_membership.team_membership.4": {
                    "type": "github_team_membership",
                    "depends_on": [],
                    "primary": {
                        "id": "2826125:sgreensmith",
                        "attributes": {
                            "etag": "W/\"dc7b778de55efed1d226b0b65b9e1658\"",
                            "id": "2826125:sgreensmith",
                            "role": "member",
                            "team_id": "2826125",
                            "username": "sgreensmith"
                        },
                        "meta": {},
                        "tainted": false
                    },
                    "deposed": [],
                    "provider": "provider.github"
                },
                "github_team_membership.team_membership.5": {
                    "type": "github_team_membership",
                    "depends_on": [],
                    "primary": {
                        "id": "2915524:sgreensmith",
                        "attributes": {
                            "etag": "W/\"53d00cf9dc72b6efda6e2ba2176fb8a0\"",
                            "id": "2915524:sgreensmith",
                            "role": "member",
                            "team_id": "2915524",
                            "username": "sgreensmith"
                        },
                        "meta": {},
                        "tainted": false
                    },
                    "deposed": [],
                    "provider": "provider.github"
                }
            },
            "depends_on": []
        },
        {
            "path": [
                "root",
                "user_simonwo"
            ],
            "outputs": {},
            "resources": {
                "data.github_user.user": {
                    "type": "github_user",
                    "depends_on": [],
                    "primary": {
                        "id": "4951176",
                        "attributes": {
                            "avatar_url": "https://avatars2.githubusercontent.com/u/4951176?v=4",
                            "bio": "",
                            "blog": "simonwo.net",
                            "company": "Government Digital Service",
                            "email": "",
                            "followers": "4",
                            "following": "6",
                            "gpg_keys.#": "2",
                            "gpg_keys.0": "xpMEWrqxLhMJKyQDAwIIAQENBAMEItPyR/MAt+nTW+lB/2rU7/Unv6c4s+b84vi5GMp9TLCwIcoqubL061wC2qV1ZPlB3VPVB/gyJvQmatNsysYEXkNPxjbQ4sC9Z3FuLuJvP9tBxH1VO/6ad+9dob5RpaaT9fQ2txi/5xxPQNhWt6nLyeFl062NYJW61/oZ1KiC+8s=",
                            "gpg_keys.1": "xpMEWiUslhMJKyQDAwIIAQENBAMENOWiaiEX0VSxoNjTmEorCLdcyDSsO5o8p/hC/sFZwkSPyjGG1LgI2cmVkOZWNpM4yw0kIB6k7u7fGJzf890gLSYnpauA6M5PKiVJn4hjqoEGqUQvual4Wx/hAJS3opp+FGfhT0jT0USGuof4oaXeuVScTMPwrzJN+1JV4ceLVVQ=",
                            "gravatar_id": "",
                            "id": "4951176",
                            "location": "",
                            "login": "simonwo",
                            "name": "Simon Worthington",
                            "public_gists": "7",
                            "public_repos": "13",
                            "site_admin": "false",
                            "ssh_keys.#": "1",
                            "ssh_keys.0": "ssh-rsa AAAAB3NzaC1yc2EAAAADAQABAAABAQDEPiubm92POJZJfSlGInVqUJGOzDxQCw1fgKO3OQTChB/uYKbQNan0ASTkBXSoow1qYdiCH8omYYI6TYCpoG5zbb4SQUosGtJP8DcmNbyUYVWPLTH5evScfgSRyUd7qN1ccn+u6fn9h2ViLRLci3+OdffhPCwzwCfCLcOUKLWfyiMjNxdSAYegw4DtijB+oUKcbQQVH0Bsh7yLqSklXjd8ZGEcl9g+SV84B6eKdufw0d9bpt0t7NG4kTa1SEnOwGc7Hdbv1rSdv/Ez2IRGYnHIuxBGrCfdVWRq2Ba+ohxBpP86vB+TLUNen2AKkB0LVH0pVoeE9SDrW7Cde7po/ESt",
                            "username": "simonwo"
                        },
                        "meta": {},
                        "tainted": false
                    },
                    "deposed": [],
                    "provider": "provider.github"
                },
                "github_membership.org_membership": {
                    "type": "github_membership",
                    "depends_on": [],
                    "primary": {
                        "id": "alphagov:simonwo",
                        "attributes": {
                            "etag": "W/\"0574ba89658d9f77bab5a996aebb2ea4\"",
                            "id": "alphagov:simonwo",
                            "role": "member",
                            "username": "simonwo"
                        },
                        "meta": {},
                        "tainted": false
                    },
                    "deposed": [],
                    "provider": "provider.github"
                },
                "github_team_membership.team_membership.0": {
                    "type": "github_team_membership",
                    "depends_on": [],
                    "primary": {
                        "id": "2826122:simonwo",
                        "attributes": {
                            "etag": "W/\"30aadf7e07ea01c2c59ce6139064da7f\"",
                            "id": "2826122:simonwo",
                            "role": "member",
                            "team_id": "2826122",
                            "username": "simonwo"
                        },
                        "meta": {},
                        "tainted": false
                    },
                    "deposed": [],
                    "provider": "provider.github"
                },
                "github_team_membership.team_membership.1": {
                    "type": "github_team_membership",
                    "depends_on": [],
                    "primary": {
                        "id": "2826121:simonwo",
                        "attributes": {
                            "etag": "W/\"963864fc72d9d539d27a6df509c529de\"",
                            "id": "2826121:simonwo",
                            "role": "member",
                            "team_id": "2826121",
                            "username": "simonwo"
                        },
                        "meta": {},
                        "tainted": false
                    },
                    "deposed": [],
                    "provider": "provider.github"
                },
                "github_team_membership.team_membership.2": {
                    "type": "github_team_membership",
                    "depends_on": [],
                    "primary": {
                        "id": "2826120:simonwo",
                        "attributes": {
                            "etag": "W/\"e64efb3974e55ee22fce6eebdf14f87f\"",
                            "id": "2826120:simonwo",
                            "role": "member",
                            "team_id": "2826120",
                            "username": "simonwo"
                        },
                        "meta": {},
                        "tainted": false
                    },
                    "deposed": [],
                    "provider": "provider.github"
                },
                "github_team_membership.team_membership.3": {
                    "type": "github_team_membership",
                    "depends_on": [],
                    "primary": {
                        "id": "2826126:simonwo",
                        "attributes": {
                            "etag": "W/\"d9819418491292a8c854a45cee0c9e80\"",
                            "id": "2826126:simonwo",
                            "role": "member",
                            "team_id": "2826126",
                            "username": "simonwo"
                        },
                        "meta": {},
                        "tainted": false
                    },
                    "deposed": [],
                    "provider": "provider.github"
                },
                "github_team_membership.team_membership.4": {
                    "type": "github_team_membership",
                    "depends_on": [],
                    "primary": {
                        "id": "2826123:simonwo",
                        "attributes": {
                            "etag": "W/\"510b187d7af0d418f39650154f9c3038\"",
                            "id": "2826123:simonwo",
                            "role": "member",
                            "team_id": "2826123",
                            "username": "simonwo"
                        },
                        "meta": {},
                        "tainted": false
                    },
                    "deposed": [],
                    "provider": "provider.github"
                },
                "github_team_membership.team_membership.5": {
                    "type": "github_team_membership",
                    "depends_on": [],
                    "primary": {
                        "id": "2826125:simonwo",
                        "attributes": {
                            "etag": "W/\"93a2e82dbdc7c115de7174284c822e32\"",
                            "id": "2826125:simonwo",
                            "role": "member",
                            "team_id": "2826125",
                            "username": "simonwo"
                        },
                        "meta": {},
                        "tainted": false
                    },
                    "deposed": [],
                    "provider": "provider.github"
                },
                "github_team_membership.team_membership.6": {
                    "type": "github_team_membership",
                    "depends_on": [],
                    "primary": {
                        "id": "2915524:simonwo",
                        "attributes": {
                            "etag": "W/\"41f1e6990b38c8c55e0a9d271f11cc29\"",
                            "id": "2915524:simonwo",
                            "role": "member",
                            "team_id": "2915524",
                            "username": "simonwo"
                        },
                        "meta": {},
                        "tainted": false
                    },
                    "deposed": [],
                    "provider": "provider.github"
                }
            },
            "depends_on": []
        },
        {
            "path": [
                "root",
                "user_smford"
            ],
            "outputs": {},
            "resources": {
                "data.github_user.user": {
                    "type": "github_user",
                    "depends_on": [],
                    "primary": {
                        "id": "11182275",
                        "attributes": {
                            "avatar_url": "https://avatars1.githubusercontent.com/u/11182275?v=4",
                            "bio": "",
                            "blog": "",
                            "company": "",
                            "email": "",
                            "followers": "0",
                            "following": "6",
                            "gpg_keys.#": "0",
                            "gravatar_id": "",
                            "id": "11182275",
                            "location": "London, UK",
                            "login": "smford",
                            "name": "",
                            "public_gists": "0",
                            "public_repos": "20",
                            "site_admin": "false",
                            "ssh_keys.#": "1",
                            "ssh_keys.0": "ssh-rsa AAAAB3NzaC1yc2EAAAADAQABAAACAQDEBg2FP6ILqRLUYB55iixIjYkLj3jrBrAOHecxgQUXEsO9nDynSKEsb5KRZYVf7RoV0+Gw+IqhcwULYzFTwfZV5KwOfA7xUhVy6YxBluUe50DpfBXR2uuOkzrjQg6c8wO0Ce0AoECcItTr5TQUgIUqhBvqw+dcp2qgLs1MXp0NbvnaQoxr8Hu6cn01v/H33z1HBRGbPCYESGmqr4HAldJJ7zrkSVVLxB7U2yhqCimHUjL2EUhnD6MEz3fV/wLiWYOJYf/nqfKFbL530LxG9SDE3WdsqFZk8T3gmT+Q4BGQsPT8jdbAoyE5zA13LpKeDaJxjjiI/Nc+eD+hKb1CDevqKstCrs1f0kznxxQTksxxLErEmqhxovqr2k9CJAA0Q3nrvs7p+F9jQgcQtNLYvJWhU4/xUEfDIsDlzUnw3loGhtNsvm0qCAyNTDg8Km86zGp3qOMwSpWo6J+O5zR0VK3bKkIOWVLovKvM16OmcGz8Ye8IngNVtOcZX6sSBkotjR/l163RvsKADSie/foQw3F/4xm0zzpyUoPY2Fzm6o1yBZhgXwBcmvKd2X1uDlL7a9gLi39YQfCakuA4qFX2lqFo2Zv7kMypKQEVHRuUY+VwQzDSurLnP+qfb4rlVxoSYy5LiRcRlKdQHr+dDkpzx/5uBKHeQoMDUnL4pV60YEP5Nw==",
                            "username": "smford"
                        },
                        "meta": {},
                        "tainted": false
                    },
                    "deposed": [],
                    "provider": "provider.github"
                },
                "github_membership.org_membership": {
                    "type": "github_membership",
                    "depends_on": [],
                    "primary": {
                        "id": "alphagov:smford",
                        "attributes": {
                            "etag": "W/\"46c8984393047b59134b8308b5e15063\"",
                            "id": "alphagov:smford",
                            "role": "admin",
                            "username": "smford"
                        },
                        "meta": {},
                        "tainted": false
                    },
                    "deposed": [],
                    "provider": "provider.github"
                },
                "github_team_membership.team_membership.0": {
                    "type": "github_team_membership",
                    "depends_on": [],
                    "primary": {
                        "id": "2826127:smford",
                        "attributes": {
                            "etag": "W/\"23f96d9b9627c024397f387f0af8e78b\"",
                            "id": "2826127:smford",
                            "role": "maintainer",
                            "team_id": "2826127",
                            "username": "smford"
                        },
                        "meta": {},
                        "tainted": false
                    },
                    "deposed": [],
                    "provider": "provider.github"
                },
                "github_team_membership.team_membership.1": {
                    "type": "github_team_membership",
                    "depends_on": [],
                    "primary": {
                        "id": "2826126:smford",
                        "attributes": {
                            "etag": "W/\"ca2398e87d8c2685b60c2a73917711f9\"",
                            "id": "2826126:smford",
                            "role": "maintainer",
                            "team_id": "2826126",
                            "username": "smford"
                        },
                        "meta": {},
                        "tainted": false
                    },
                    "deposed": [],
                    "provider": "provider.github"
                },
                "github_team_membership.team_membership.2": {
                    "type": "github_team_membership",
                    "depends_on": [],
                    "primary": {
                        "id": "2826120:smford",
                        "attributes": {
                            "etag": "W/\"e613db811af61e602d8f2486d6e9d60c\"",
                            "id": "2826120:smford",
                            "role": "maintainer",
                            "team_id": "2826120",
                            "username": "smford"
                        },
                        "meta": {},
                        "tainted": false
                    },
                    "deposed": [],
                    "provider": "provider.github"
                },
                "github_team_membership.team_membership.3": {
                    "type": "github_team_membership",
                    "depends_on": [],
                    "primary": {
                        "id": "2826125:smford",
                        "attributes": {
                            "etag": "W/\"0e3195d963b4fbcfd5e08304e98bb10a\"",
                            "id": "2826125:smford",
                            "role": "maintainer",
                            "team_id": "2826125",
                            "username": "smford"
                        },
                        "meta": {},
                        "tainted": false
                    },
                    "deposed": [],
                    "provider": "provider.github"
                },
                "github_team_membership.team_membership.4": {
                    "type": "github_team_membership",
                    "depends_on": [],
                    "primary": {
                        "id": "2915524:smford",
                        "attributes": {
                            "etag": "W/\"fabed5367033c502f3111e868e29596b\"",
                            "id": "2915524:smford",
                            "role": "maintainer",
                            "team_id": "2915524",
                            "username": "smford"
                        },
                        "meta": {},
                        "tainted": false
                    },
                    "deposed": [],
                    "provider": "provider.github"
                }
            },
            "depends_on": []
        },
        {
            "path": [
                "root",
                "user_thomasalanlee"
            ],
            "outputs": {},
            "resources": {
                "data.github_user.user": {
                    "type": "github_user",
                    "depends_on": [],
                    "primary": {
                        "id": "845102",
                        "attributes": {
                            "avatar_url": "https://avatars3.githubusercontent.com/u/845102?v=4",
                            "bio": "",
                            "blog": "",
                            "company": "",
                            "email": "",
                            "followers": "1",
                            "following": "1",
                            "gpg_keys.#": "0",
                            "gravatar_id": "",
                            "id": "845102",
                            "location": "",
                            "login": "thomasalanlee",
                            "name": "",
                            "public_gists": "0",
                            "public_repos": "12",
                            "site_admin": "false",
                            "ssh_keys.#": "1",
                            "ssh_keys.0": "ssh-rsa AAAAB3NzaC1yc2EAAAADAQABAAACAQDoqz1Sk/MAuxujtpknd5sIy7L7it/yYrNjtY0V7TYh8WDseJp8xAszP5HJttW7QItOw4AUJjC+6RnvbIOWzjT7sShPYwL1ZaijR0UoVmCyqZ0PXQAqODffB1fh85gIXe429azpRRCF9Cq362bYD0zsL2rlMU6lpbXoAJ2xuoDCYkwMGwUvYYMCTezPvwSq5LcAJhpfH6dXuRSOxOHBcyK1+9lVAlGzHk1vpPUZ8JxOvQhn7XP6aeTCeeMkrOwJO4SLBVxN9Pk/Y3huuZ5ZZ58Xn4wUTFzWWskyzCs+Ap7sms+OfqKhlFbwiivabia6D+ZHyeYjdhRnfNcEkh/8WmqS4BCaIUpmfBVmQTKF9nHVrd0T4NxFbedfEnkboYP3U1bY26vuldU9PnwrRXskM73zA6c2sBXv10ypeH2Skn3DbUe/ln8uEp5Ingo0Ze2zTYbkSTKGgV1Wh6/2LH8ZbFHhxt3/xe/ouxllej/4fLdegozCCv52iDZV8opM7UfNUUTdxFk5r3X1UplLLSI+9oN9RuTL1d0M9229BwI0xgGC+CvMb0nICTiSvj3q10BLgg9ZMExfjUrjIniRVb5v81tvFbh9ENhA7gIyYJIeHwfyzm8QG8SHFQKbuXn4RJjdJ9WBalbYlS0GBAgtV+nOvOBeaqucpRLO7BSw4eFOPs3wow==",
                            "username": "thomasalanlee"
                        },
                        "meta": {},
                        "tainted": false
                    },
                    "deposed": [],
                    "provider": "provider.github"
                },
                "github_membership.org_membership": {
                    "type": "github_membership",
                    "depends_on": [],
                    "primary": {
                        "id": "alphagov:thomasalanlee",
                        "attributes": {
                            "etag": "W/\"4559f672ef8aeab210061d2f339dbbd5\"",
                            "id": "alphagov:thomasalanlee",
                            "role": "admin",
                            "username": "thomasalanlee"
                        },
                        "meta": {},
                        "tainted": false
                    },
                    "deposed": [],
                    "provider": "provider.github"
                },
                "github_team_membership.team_membership.0": {
                    "type": "github_team_membership",
                    "depends_on": [],
                    "primary": {
                        "id": "2826122:thomasalanlee",
                        "attributes": {
                            "etag": "W/\"35e2085118f4c49f18b19b8ed10505e9\"",
                            "id": "2826122:thomasalanlee",
                            "role": "maintainer",
                            "team_id": "2826122",
                            "username": "thomasalanlee"
                        },
                        "meta": {},
                        "tainted": false
                    },
                    "deposed": [],
                    "provider": "provider.github"
                },
                "github_team_membership.team_membership.1": {
                    "type": "github_team_membership",
                    "depends_on": [],
                    "primary": {
                        "id": "2826127:thomasalanlee",
                        "attributes": {
                            "etag": "W/\"9d567c3687773efed68c056e56451445\"",
                            "id": "2826127:thomasalanlee",
                            "role": "maintainer",
                            "team_id": "2826127",
                            "username": "thomasalanlee"
                        },
                        "meta": {},
                        "tainted": false
                    },
                    "deposed": [],
                    "provider": "provider.github"
                },
                "github_team_membership.team_membership.2": {
                    "type": "github_team_membership",
                    "depends_on": [],
                    "primary": {
                        "id": "2826126:thomasalanlee",
                        "attributes": {
                            "etag": "W/\"53a0b2e8b667cb21c32c17f11984fd1e\"",
                            "id": "2826126:thomasalanlee",
                            "role": "maintainer",
                            "team_id": "2826126",
                            "username": "thomasalanlee"
                        },
                        "meta": {},
                        "tainted": false
                    },
                    "deposed": [],
                    "provider": "provider.github"
                },
                "github_team_membership.team_membership.3": {
                    "type": "github_team_membership",
                    "depends_on": [],
                    "primary": {
                        "id": "2826121:thomasalanlee",
                        "attributes": {
                            "etag": "W/\"70022b61c6d849292f64107015806fc5\"",
                            "id": "2826121:thomasalanlee",
                            "role": "maintainer",
                            "team_id": "2826121",
                            "username": "thomasalanlee"
                        },
                        "meta": {},
                        "tainted": false
                    },
                    "deposed": [],
                    "provider": "provider.github"
                },
                "github_team_membership.team_membership.4": {
                    "type": "github_team_membership",
                    "depends_on": [],
                    "primary": {
                        "id": "2826120:thomasalanlee",
                        "attributes": {
                            "etag": "W/\"2e651a5b7a260b9aefeb0e87c84bf91f\"",
                            "id": "2826120:thomasalanlee",
                            "role": "maintainer",
                            "team_id": "2826120",
                            "username": "thomasalanlee"
                        },
                        "meta": {},
                        "tainted": false
                    },
                    "deposed": [],
                    "provider": "provider.github"
                },
                "github_team_membership.team_membership.5": {
                    "type": "github_team_membership",
                    "depends_on": [],
                    "primary": {
                        "id": "2826123:thomasalanlee",
                        "attributes": {
                            "etag": "W/\"cfc80f4fe4e94eab448725cdd4ab139a\"",
                            "id": "2826123:thomasalanlee",
                            "role": "maintainer",
                            "team_id": "2826123",
                            "username": "thomasalanlee"
                        },
                        "meta": {},
                        "tainted": false
                    },
                    "deposed": [],
                    "provider": "provider.github"
                },
                "github_team_membership.team_membership.6": {
                    "type": "github_team_membership",
                    "depends_on": [],
                    "primary": {
                        "id": "2826125:thomasalanlee",
                        "attributes": {
                            "etag": "W/\"1ee4ab95302d06a7acdb90bc67884c55\"",
                            "id": "2826125:thomasalanlee",
                            "role": "maintainer",
                            "team_id": "2826125",
                            "username": "thomasalanlee"
                        },
                        "meta": {},
                        "tainted": false
                    },
                    "deposed": [],
                    "provider": "provider.github"
                },
                "github_team_membership.team_membership.7": {
                    "type": "github_team_membership",
                    "depends_on": [],
                    "primary": {
                        "id": "2915520:thomasalanlee",
                        "attributes": {
                            "etag": "W/\"a3aceb7deef053fe2ef96c4bb9232357\"",
                            "id": "2915520:thomasalanlee",
                            "role": "maintainer",
                            "team_id": "2915520",
                            "username": "thomasalanlee"
                        },
                        "meta": {},
                        "tainted": false
                    },
                    "deposed": [],
                    "provider": "provider.github"
                },
                "github_team_membership.team_membership.8": {
                    "type": "github_team_membership",
                    "depends_on": [],
                    "primary": {
                        "id": "2826124:thomasalanlee",
                        "attributes": {
                            "etag": "W/\"8419037f1dd4c5e5366ed4926d68eb2f\"",
                            "id": "2826124:thomasalanlee",
                            "role": "maintainer",
                            "team_id": "2826124",
                            "username": "thomasalanlee"
                        },
                        "meta": {},
                        "tainted": false
                    },
                    "deposed": [],
                    "provider": "provider.github"
                },
                "github_team_membership.team_membership.9": {
                    "type": "github_team_membership",
                    "depends_on": [],
                    "primary": {
                        "id": "2915524:thomasalanlee",
                        "attributes": {
                            "etag": "W/\"f127c266a1ec52defacf75a6e74bc604\"",
                            "id": "2915524:thomasalanlee",
                            "role": "maintainer",
                            "team_id": "2915524",
                            "username": "thomasalanlee"
                        },
                        "meta": {},
                        "tainted": false
                    },
                    "deposed": [],
                    "provider": "provider.github"
                }
            },
            "depends_on": []
        },
        {
            "path": [
                "root",
                "user_tlwr"
            ],
            "outputs": {},
            "resources": {
                "data.github_user.user": {
                    "type": "github_user",
                    "depends_on": [],
                    "primary": {
                        "id": "1482692",
                        "attributes": {
                            "avatar_url": "https://avatars2.githubusercontent.com/u/1482692?v=4",
                            "bio": "☁️ @ gds",
                            "blog": "https://www.toby.codes",
                            "company": "@alphagov",
                            "email": "toby@toby.codes",
                            "followers": "50",
                            "following": "80",
                            "gpg_keys.#": "1",
                            "gpg_keys.0": "xsFNBFnNBIkBEADKCOZV4iP35k4kTpVVtyu5Qv4D8dbXutDhZu7o/Kd3ukLeQigGPXKygYoaUf8MvLKyZRzNSCDwbtDKI58axPxHaDeys3Yflc3201dqymJWaicGG7GlgkcUjItmUs8i9kgWJL7olL2I96a/Gp2kwCMnCGXcn8mkuXDlyJcvJQRwtnYeDWU6n5wlgvIIZ3jivRnznaJEQlKvJ7k5nWSHK2/sgTjeVVGbYcAThcSY17efCbhMWvzjXXka2EanlVwd/xWW4E/cu5SIcvmqAy9NUTPzomFjkoOA4yuo/VGDttpWhLj0Va09hWAaVDTrEQNWiWAQ03R/6l9kwFEmG0iwK/UC3zFzbPmWpOcLbaFX20aRS+mYDp6Q5QPVPnmGaN+HXDq1diazmsPf3VUHPWv1/VHoMj4KXi/cjEMo6/9jwAicWVn25A2CKRNUc6sSKlzGL0CtfIkJUCmbUSUNiB/bJfShjHjUlnbKVovZfFeRYXWHMQhJlaOObYo+HoY7wOwixdEsvu5VoA0/aKM2BLlfWQtdL8aNiUlXvtgusu5kBKoyTT7dJD7KLBfUCoMNQtuBFCdXmeCkxD/1HYfZMTO5MA/VFB7zmYpRyUXGEtGhWirMmzdogeZC2aqEbOh62Az2O9Xn3sWONFzvbFTZTDbFW5Q1vnjc8AJdZwSKhHfuz//kdwARAQAB",
                            "gravatar_id": "",
                            "id": "1482692",
                            "location": "London",
                            "login": "tlwr",
                            "name": "Toby Lorne",
                            "public_gists": "3",
                            "public_repos": "21",
                            "site_admin": "false",
                            "ssh_keys.#": "3",
                            "ssh_keys.0": "ssh-rsa AAAAB3NzaC1yc2EAAAADAQABAAACAQDUl6BPP1zkdT+gUdm51s8pIxaozKW4C027rexuHHzmr94IX6Qcv2Yldt0hqilqk7KQe5zQKAap4FhjG1ymdr23ze2MIaSGdLEqj+7oxhykzJOZDrcOZsrau0KSusFn8AuTryb9bdhQgf7XQ97I91lL/JgLTgov6laSSZQLDHVnqTOYua0QC0Qr4fqjKyCJr2QRJ/CS2qZeujZUXKe888pPYjfxCMK+47QiJpXHxb2H3BfWwRvSoLMTvL7GEFXNoQp1F9Ke92EYpoWTseFy7nIkAz8OIadTPeJlLGEK0D5gZds63nJrIxHDwXCiiLOM9FIqW3c2H9QMi4zEX1lkn++E3zygfF7QTeYlcMvPUJuThmKROYchkuIR0OOzIAqQPSyjXp8y5SaS1gxjzfT5pcyu4cfSoTMKZnQzxx5mu9kY429HeDmU6BBsSvBB3HgSG60xQSrrKY3kGYHdl12gYjwo/FO1I45bpbsY7ZzKtj6yK3paEA+n+dtplvLddD/5rKiFaqkP775kz6F+/DA5OY9mUnfPpoAPtuoU+qP72gLVh0hm6a+FFC1ZXibnIN1RggTD8R6CA8/i8HlwTDxaptUsN0r229Bzb/XdkdOLzPYxHoSdW2iJd44b0XfebCRlZMTVM9FP12hnWQo8sUjNnN0HKI83riO2K/QsVQXEtDNtSw==",
                            "ssh_keys.1": "ssh-rsa AAAAB3NzaC1yc2EAAAADAQABAAACAQDDB1eukB2gsbFOFMyYlNF7bqJrT8QF/cjDZ1tRvFyNJuqqkUDGHaMjongZ265xd+1vuPtFPEDCR7zF4YW1v39Dgf2QJD4UP2/Zyf7Wg0C7gB9iRg+bDguNmkMheKufFH9SIz0PuX6S0UBGPfSd2Q2uxR9MArTHQhBMAqaHSG42m/9w3BWv7JvJ5mxHTSWxVxEEbHUlK8ZVzsh5xt57uggG5Um4Jhls2mU4zR7P8zRkDfc6+ytojzZnrX8SFY/afu7b+tsxUEhkdpVrhq08Sx0HL2toGk4Kap8REYEMP8/EDFz9z3JxzVmB/LoAPUq87sJT4Mtmg0qexEty7PpSZti+Zz4pEuFM4SzK9Ty9A63PiVVf6ebaRe7bjM1WZsgfVFmTJhjZsbVoLeUKCZPkitWZFA+/kP7wK2g8g1NAd3HrM73q2i6o9luDDJqUlnLtDNf6u3znkbfmsIBko4WPCZB8oInYP+DgQ4yhpF9Au3nZIzmfNYW73qBKxTEgUhbI+h16zwsMr0TQ2o6nR3hZsRtIX/jGlSCj3+Rv36WL+Bga+fHW3QnwzLltk6wPQxWEA7Iyi+Ukulc7lAXqKOossMJQWHpgc6LkjJjUORQKqAVfwSTQFNB8WS9abAtgZwjjtJsDP9XmWABW5EDmQFuLq+5uCSzhc9iEA3DVi7hNj2L+yw==",
                            "ssh_keys.2": "ssh-rsa AAAAB3NzaC1yc2EAAAADAQABAAACAQDDFBXMDp6M7oo/2xQWgJIuAat9nMj5U1faZ8bAKTv0FkysBRWXPyr3DjkyJBjB9ScgmY8DHQOnxwiNn4mKDyD2niiFiVNtkYd06+/OaT1BtoM0H9ScUCOg6KEV7sywFdIpdaxl3GuA3wNTMVsjfwxaiSst+4+6aDIsq5hF657u5PuJntDNTXUfnH+7dCYJqSjWeaWktRDJQsHJchGNrzwudJGlyfQZ8cjHx9bSMkADkvZwriu2GKYvl8FZNDbix8v/d3/sNPGMH5LrwQNVIH1HZ9dZFj/lveFqQx1ayRLJotBx9nS3sl7XDsrlHgdKjVmWYdNiP6O3mU3BRnq/2je2BiCQNdEAmKPFGceV08ZjcnwUKY+PqJwtICwFNDkKD8ssbGovqbixpkFDudLwJ3JTM6ROocrFtcmC+PQvSSLSpqNlOr9JImGI6CqZqaAZHrlv/A2A+wcaFmbjdVguQXI8DzDzoE9BMIJ3Eg0INVPCiLybU/UFxGF5yrtihGeTzykYhjKyGMpsuHyuyZQfXYtP+tnajFXonnHJd86UReCoaFpy1f91x96jStLAAk3mqhq21Dp6TiEN/R2/pZW4AwUd7m4Gnuif8ovCayBrnHjPNNr4FL/Vj4arxYyTdJPInweIoCXuq5NPPVHuxn89D3lZIGcNvFygQebxfGvwe69QJQ==",
                            "username": "tlwr"
                        },
                        "meta": {},
                        "tainted": false
                    },
                    "deposed": [],
                    "provider": "provider.github"
                },
                "github_membership.org_membership": {
                    "type": "github_membership",
                    "depends_on": [],
                    "primary": {
                        "id": "alphagov:tlwr",
                        "attributes": {
                            "etag": "W/\"3fde182c0940896161dbe224586a4088\"",
                            "id": "alphagov:tlwr",
                            "role": "member",
                            "username": "tlwr"
                        },
                        "meta": {},
                        "tainted": false
                    },
                    "deposed": [],
                    "provider": "provider.github"
                },
                "github_team_membership.team_membership.0": {
                    "type": "github_team_membership",
                    "depends_on": [],
                    "primary": {
                        "id": "2826127:tlwr",
                        "attributes": {
                            "etag": "W/\"538a9298f4773fb88dd5f838b0a10436\"",
                            "id": "2826127:tlwr",
                            "role": "member",
                            "team_id": "2826127",
                            "username": "tlwr"
                        },
                        "meta": {},
                        "tainted": false
                    },
                    "deposed": [],
                    "provider": "provider.github"
                },
                "github_team_membership.team_membership.1": {
                    "type": "github_team_membership",
                    "depends_on": [],
                    "primary": {
                        "id": "2826126:tlwr",
                        "attributes": {
                            "etag": "W/\"62a9d95ec4dd238c7c2d784d4c0fcbc8\"",
                            "id": "2826126:tlwr",
                            "role": "member",
                            "team_id": "2826126",
                            "username": "tlwr"
                        },
                        "meta": {},
                        "tainted": false
                    },
                    "deposed": [],
                    "provider": "provider.github"
                },
                "github_team_membership.team_membership.2": {
                    "type": "github_team_membership",
                    "depends_on": [],
                    "primary": {
                        "id": "2826120:tlwr",
                        "attributes": {
                            "etag": "W/\"327925a459ba03647e4eb8fd6c0ee138\"",
                            "id": "2826120:tlwr",
                            "role": "member",
                            "team_id": "2826120",
                            "username": "tlwr"
                        },
                        "meta": {},
                        "tainted": false
                    },
                    "deposed": [],
                    "provider": "provider.github"
                },
                "github_team_membership.team_membership.3": {
                    "type": "github_team_membership",
                    "depends_on": [],
                    "primary": {
                        "id": "2826125:tlwr",
                        "attributes": {
                            "etag": "W/\"c12584bca53be5c6924e3d8810d882a4\"",
                            "id": "2826125:tlwr",
                            "role": "member",
                            "team_id": "2826125",
                            "username": "tlwr"
                        },
                        "meta": {},
                        "tainted": false
                    },
                    "deposed": [],
                    "provider": "provider.github"
                },
                "github_team_membership.team_membership.4": {
                    "type": "github_team_membership",
                    "depends_on": [],
                    "primary": {
                        "id": "2915524:tlwr",
                        "attributes": {
                            "etag": "W/\"459a298b8529b807febe516605040d01\"",
                            "id": "2915524:tlwr",
                            "role": "member",
                            "team_id": "2915524",
                            "username": "tlwr"
                        },
                        "meta": {},
                        "tainted": false
                    },
                    "deposed": [],
                    "provider": "provider.github"
                }
            },
            "depends_on": []
        },
        {
            "path": [
                "root",
                "user_tomrosier"
            ],
            "outputs": {},
            "resources": {
                "data.github_user.user": {
                    "type": "github_user",
                    "depends_on": [],
                    "primary": {
                        "id": "14276821",
                        "attributes": {
                            "avatar_url": "https://avatars2.githubusercontent.com/u/14276821?v=4",
                            "bio": "",
                            "blog": "",
                            "company": "",
                            "email": "",
                            "followers": "4",
                            "following": "0",
                            "gpg_keys.#": "0",
                            "gravatar_id": "",
                            "id": "14276821",
                            "location": "",
                            "login": "tomrosier",
                            "name": "Tom Rosier",
                            "public_gists": "1",
                            "public_repos": "3",
                            "site_admin": "false",
                            "ssh_keys.#": "0",
                            "username": "tomrosier"
                        },
                        "meta": {},
                        "tainted": false
                    },
                    "deposed": [],
                    "provider": "provider.github"
                },
                "github_membership.org_membership": {
                    "type": "github_membership",
                    "depends_on": [],
                    "primary": {
                        "id": "alphagov:tomrosier",
                        "attributes": {
                            "etag": "W/\"fadebd0bea3f49b149f030fcb73585c3\"",
                            "id": "alphagov:tomrosier",
                            "role": "member",
                            "username": "tomrosier"
                        },
                        "meta": {},
                        "tainted": false
                    },
                    "deposed": [],
                    "provider": "provider.github"
                },
                "github_team_membership.team_membership.0": {
                    "type": "github_team_membership",
                    "depends_on": [],
                    "primary": {
                        "id": "2826122:tomrosier",
                        "attributes": {
                            "etag": "W/\"a02e818f5a620a4b67667b63821e7818\"",
                            "id": "2826122:tomrosier",
                            "role": "member",
                            "team_id": "2826122",
                            "username": "tomrosier"
                        },
                        "meta": {},
                        "tainted": false
                    },
                    "deposed": [],
                    "provider": "provider.github"
                },
                "github_team_membership.team_membership.1": {
                    "type": "github_team_membership",
                    "depends_on": [],
                    "primary": {
                        "id": "2826121:tomrosier",
                        "attributes": {
                            "etag": "W/\"988d8e4f18915659eebbb2da7372c3f2\"",
                            "id": "2826121:tomrosier",
                            "role": "member",
                            "team_id": "2826121",
                            "username": "tomrosier"
                        },
                        "meta": {},
                        "tainted": false
                    },
                    "deposed": [],
                    "provider": "provider.github"
                },
                "github_team_membership.team_membership.2": {
                    "type": "github_team_membership",
                    "depends_on": [],
                    "primary": {
                        "id": "2826120:tomrosier",
                        "attributes": {
                            "etag": "W/\"6228f002eeac6a5750da8d56e7e719b3\"",
                            "id": "2826120:tomrosier",
                            "role": "member",
                            "team_id": "2826120",
                            "username": "tomrosier"
                        },
                        "meta": {},
                        "tainted": false
                    },
                    "deposed": [],
                    "provider": "provider.github"
                },
                "github_team_membership.team_membership.3": {
                    "type": "github_team_membership",
                    "depends_on": [],
                    "primary": {
                        "id": "2826126:tomrosier",
                        "attributes": {
                            "etag": "W/\"98826e78bdfa330712fb101b913655ba\"",
                            "id": "2826126:tomrosier",
                            "role": "member",
                            "team_id": "2826126",
                            "username": "tomrosier"
                        },
                        "meta": {},
                        "tainted": false
                    },
                    "deposed": [],
                    "provider": "provider.github"
                },
                "github_team_membership.team_membership.4": {
                    "type": "github_team_membership",
                    "depends_on": [],
                    "primary": {
                        "id": "2826123:tomrosier",
                        "attributes": {
                            "etag": "W/\"6791d218652550e71a5c9249f3ea1efa\"",
                            "id": "2826123:tomrosier",
                            "role": "member",
                            "team_id": "2826123",
                            "username": "tomrosier"
                        },
                        "meta": {},
                        "tainted": false
                    },
                    "deposed": [],
                    "provider": "provider.github"
                },
                "github_team_membership.team_membership.5": {
                    "type": "github_team_membership",
                    "depends_on": [],
                    "primary": {
                        "id": "2826125:tomrosier",
                        "attributes": {
                            "etag": "W/\"892145c04f1d31c0549b9fa8d45ca26e\"",
                            "id": "2826125:tomrosier",
                            "role": "member",
                            "team_id": "2826125",
                            "username": "tomrosier"
                        },
                        "meta": {},
                        "tainted": false
                    },
                    "deposed": [],
                    "provider": "provider.github"
                },
                "github_team_membership.team_membership.6": {
                    "type": "github_team_membership",
                    "depends_on": [],
                    "primary": {
                        "id": "2915524:tomrosier",
                        "attributes": {
                            "etag": "W/\"e5c351f43c4bb011cc24ada7078d4acf\"",
                            "id": "2915524:tomrosier",
                            "role": "member",
                            "team_id": "2915524",
                            "username": "tomrosier"
                        },
                        "meta": {},
                        "tainted": false
                    },
                    "deposed": [],
                    "provider": "provider.github"
                }
            },
            "depends_on": []
        },
        {
            "path": [
                "root",
                "user_vixus0"
            ],
            "outputs": {},
            "resources": {
                "data.github_user.user": {
                    "type": "github_user",
                    "depends_on": [],
                    "primary": {
                        "id": "2650888",
                        "attributes": {
                            "avatar_url": "https://avatars1.githubusercontent.com/u/2650888?v=4",
                            "bio": "",
                            "blog": "",
                            "company": "",
                            "email": "",
                            "followers": "6",
                            "following": "3",
                            "gpg_keys.#": "0",
                            "gravatar_id": "",
                            "id": "2650888",
                            "location": "UK",
                            "login": "vixus0",
                            "name": "Anshul Sirur",
                            "public_gists": "5",
                            "public_repos": "40",
                            "site_admin": "false",
                            "ssh_keys.#": "6",
                            "ssh_keys.0": "ssh-rsa AAAAB3NzaC1yc2EAAAADAQABAAABAQCxpNurqxJPlwzKiZ/MCsCgqjLMIWA1HHw1Wws6nqG9+OjiC5BtIUytuxAhFLfJdX75zUDNV25RmHmHFP/QmkX/o/zPX0Y3wAZxwkdrc/WJdviha+6dO57mowxhhZ1HUTMQjIW3ieVsYTi8ABbGQz4xc/08XkPYHSuXLgur44wvUSMkE0Rzvf/iJUf09KgKW/B0ICg0laAjKBcwIBt9TXIf2EQm3B0tN1eNBTWjq+k/W7ZALQpq+r0GqVE6Kk9Im8iLJ729jAIorY0rGMv7zx6c1PsTygtjr0hIHMDf4/2h1YICtUqih6rjGlKlO9D1sDeN2nXxGKsjpwb71G58ED3D",
                            "ssh_keys.1": "ssh-rsa AAAAB3NzaC1yc2EAAAADAQABAAACAQC7wvEhheQmuYPrp99bD7Ra5C7jRjwmmmkD9hO/R/HA5MAeea8sTXEJDtqTr8m7TF2Yu9yq1BRprKG3v/oIsB1faIKDfRhsdCWOXR2GmxIodyoizE7BsmxWXRzv1Yo5zGFZiQEvwJOMaOiHLUyiujR8aO1S5dRsWuRQQKol8WqytM5vinLWzt3Cmoii/Q6c+bOhEyMzwzJKXgWUwmnbljL3aWgjdsRy+PUofUhwA3wb3U0IUfVHzmBvH50wbLg9nVGL9v2f5+lQ0m1nIIEp2LcxLBopMaGTkFq4ShxbX+awQYXuxqnH51LBtycM1kb1VK0WWrPSnH0yoJDgqhreFUXV4ptM4tiiyPqzZy9cjNkKn2u5YHUs3h7ZG8Gjdcj/PPnhoM5KalYQM1jMEfuwOjUYnvrxooy8WcIt0jGUwp8gHiCyDpWrrNYzADWaR2u5QR0yG+1aYsGpYeBgq0nt3lxSi2FvWjlrSMJOdII3osqG0bgT+6T8IwiWki9ESlrGTJZO/PjwL4KjdF9+CAYaPCrzbeVvX1oKrhtv8yZX6nYiYsqVKVOJo3tCe2nnOKaG+uWkb6WB9wRxl399r031XHOHgYk8xKuf4pZhRQiVp3SwEqWSzd/LV22RX3EblW6dZtScOxUjfcVd/UvslLCLkJOK4zy/orOod5j4E7/tDP5TrQ==",
                            "ssh_keys.2": "ssh-rsa AAAAB3NzaC1yc2EAAAADAQABAAACAQC5xbODwIYM8hMT74n4/4pXr4n34nczhwD2OSXOgkuSMSjUDgUDDFDsEZ5tXZNWHE2SREO52KqD0E1Czgo4YiBvscZ4FnAMg2hjXj9EbyjxyNDBdipmjw/fWeQ9iVLpzIjzVCFhdtKJsw0qvVhh44pqm7fMbpaSvhsLMoWX7xjG3fRXWmJKFPmO+nbpi/OVnxT2LSu7BlUj0pzNsvsTJ42keiVepS3XZhcHM7+H8wItjr7vPYEDfJh5eDPIZ7GHVmDI3PZbCYhvsT8tm8FPb7F3HnK3BXVJPw4opj/NH0Iums41YshFgsk0aw6wfW2+juOamV99oojLzbgN9PvZgkh4AaJ3jFzFbEbNGe4NCXlvkNBaaeTF8FAhUgU6Ll7D/eVVScDxXrqTA6uc90G1w/HCscEiqiSrE87KgV9wT+NmmJWCISmX0s7YtwshpMEkY6RxFy1wP08oxk6WQKhJpJ1zBcblvLtW+W1skVYkrleoa5sQ+a0n1eePsOfEZwOwI4mPeyn1CRZj3uYLPQDNbsk/cWdJ6OisWBIMLUYiWf5FGKUjzv3LeSwvreQ62LKvpVrP03EKIgN851LWJAByDB9ClAH03/Lpu/0fuQLJBunG6ubDOx5P6pLAZsvt3Vgu23RRGroS57/sMVhEBYElN2Pj67eJCBJgnNBye5G+QWWhwQ==",
                            "ssh_keys.3": "ssh-rsa AAAAB3NzaC1yc2EAAAADAQABAAABAQCpsOyKKY5jcpPsowb9Mai6ua/bcFZ/hOQxSdEo0r2M6QRvEozkN0HfbtKwuizk3OE8SpXodQYd5/y5+caBToNqaOAp4cpV43R2glLKzgbBNCsJ1HhpU4qD37CVM/uf+law/UjtGoid8056074+UoLUU7fHeWWFR7ZjO6F96d7lkM526FrZXZsg7GzMxVD4AqFMfLcfkmzrWJhzcXXXL8xljrhgwpfnjdTzRPpW17VHT1YD2ZTsivyK4lTJGjVbBvU3887Ad0RBLTyogxwkh/9dnWCLQJliLT1gUIn4Nf99fyqLy3OqFkpGyaGxgOlTjcE+JtGcMhCsZMlMGFUCHfXT",
                            "ssh_keys.4": "ssh-rsa AAAAB3NzaC1yc2EAAAADAQABAAABAQCmEh/f9K+ao7czSsLOxD2fnUZa3YbtmCNm+KrUnz5eh+mU2RlXb+CdGI/mcn9AHx06F1ViEzuogP7GTeJsxniHR7l38b+P4Q0jYbtmLn4/Br285O20s35Vj8UAyD82DU0UslHtkxwuizincZmEJy6Ow3KC5aAK0YNV6nnb6mndOyYPC5oB0A6XyVnbIQgg9TsOGzLkbwQGy4p+GCOUCBvVb3HlkQSBFQrUuE2ZbTlx6hjttzgIj+pYG/sQnaROMXd3wwOnXer2DrXxqU7NGhCdXjUR3Z/pU3f6j/exTvEULi/MrMLaY4nDBUbjEFIxpkYTdKuHO0lYTsUX5lMh5Alf",
                            "ssh_keys.5": "ssh-rsa AAAAB3NzaC1yc2EAAAADAQABAAACAQDJlDs80WqzXeRVV3ed7/1KVnBF2qrWxeyQuBl/GOUzDL693objfj4QvJYxr3A5eVhJ4zWU3nVw23iR82t3RitO2whc4zB+QVZZcr7kBR7Si9b8nqC37OQpcvX15B/+1rxa0n0HfItZ18gRmvJ9cnBixCVF8YRqK+B9mHkEqjV1yEkQd5bk4SLaHmmfCHJlNvaBoEzR4P4ssCr8FfPQRu3ZskzzwMIwuRE8ZzZzpnDXZ/o6+suP5+YzjSl/PhfqJGKTgS10yurQRNj7FRSCyTAJFMAACDF+7/O+INEeWY9P9ixId0H/p05VbkQ9p1Y9Nyo+uPW1pE0I1OCbVqMICtqgQL2EW0EecoJUwgQ0ulmt/+Zh2rnSSZTb6XbhH+qPTsrLoWoO6F9NwPO/n3tHY8PSbO5lp2+T3lD/faAk/wc8Or09c9TO5R7KupIHuBJa+tRmnSdKK+zxz23jdjUf1hl58pNA+4p6RETERSW0Z8rJChN41MU+Zcn2pVxAJ7AgAW/T9XmgYd4lmy4P7lpvyPK2PE9LaZRqCXA3QGBLj4LLd2rwt93He4a9DNsgouLvQtZFvk1joLbh+HN8m1FaEBqutHPD66WGSOe099pTCDLECYdR1zs9f782wydMICItzdPVmQpjI3TAMSncOhASS6yR8drj6NZwcAZ3Q3yqxMqDXw==",
                            "username": "vixus0"
                        },
                        "meta": {},
                        "tainted": false
                    },
                    "deposed": [],
                    "provider": "provider.github"
                },
                "github_membership.org_membership": {
                    "type": "github_membership",
                    "depends_on": [],
                    "primary": {
                        "id": "alphagov:vixus0",
                        "attributes": {
                            "etag": "W/\"a9c3ab155dbe6f99ca4d2c7a2c97376c\"",
                            "id": "alphagov:vixus0",
                            "role": "admin",
                            "username": "vixus0"
                        },
                        "meta": {},
                        "tainted": false
                    },
                    "deposed": [],
                    "provider": "provider.github"
                },
                "github_team_membership.team_membership.0": {
                    "type": "github_team_membership",
                    "depends_on": [],
                    "primary": {
                        "id": "2826122:vixus0",
                        "attributes": {
                            "etag": "W/\"02e83f14bc3cbc7105e8469e0d145e26\"",
                            "id": "2826122:vixus0",
                            "role": "maintainer",
                            "team_id": "2826122",
                            "username": "vixus0"
                        },
                        "meta": {},
                        "tainted": false
                    },
                    "deposed": [],
                    "provider": "provider.github"
                },
                "github_team_membership.team_membership.1": {
                    "type": "github_team_membership",
                    "depends_on": [],
                    "primary": {
                        "id": "2826127:vixus0",
                        "attributes": {
                            "etag": "W/\"0c8b90276e6b6b14ceb16dabca56045f\"",
                            "id": "2826127:vixus0",
                            "role": "maintainer",
                            "team_id": "2826127",
                            "username": "vixus0"
                        },
                        "meta": {},
                        "tainted": false
                    },
                    "deposed": [],
                    "provider": "provider.github"
                },
                "github_team_membership.team_membership.2": {
                    "type": "github_team_membership",
                    "depends_on": [],
                    "primary": {
                        "id": "2826126:vixus0",
                        "attributes": {
                            "etag": "W/\"3f40d4b048733930750352a921fb9c66\"",
                            "id": "2826126:vixus0",
                            "role": "maintainer",
                            "team_id": "2826126",
                            "username": "vixus0"
                        },
                        "meta": {},
                        "tainted": false
                    },
                    "deposed": [],
                    "provider": "provider.github"
                },
                "github_team_membership.team_membership.3": {
                    "type": "github_team_membership",
                    "depends_on": [],
                    "primary": {
                        "id": "2826121:vixus0",
                        "attributes": {
                            "etag": "W/\"e8ed0168f7b8043a94d6aef9ce51dc07\"",
                            "id": "2826121:vixus0",
                            "role": "maintainer",
                            "team_id": "2826121",
                            "username": "vixus0"
                        },
                        "meta": {},
                        "tainted": false
                    },
                    "deposed": [],
                    "provider": "provider.github"
                },
                "github_team_membership.team_membership.4": {
                    "type": "github_team_membership",
                    "depends_on": [],
                    "primary": {
                        "id": "2826120:vixus0",
                        "attributes": {
                            "etag": "W/\"d4ebdb9282a4dc63e6165ab23346b4ba\"",
                            "id": "2826120:vixus0",
                            "role": "maintainer",
                            "team_id": "2826120",
                            "username": "vixus0"
                        },
                        "meta": {},
                        "tainted": false
                    },
                    "deposed": [],
                    "provider": "provider.github"
                },
                "github_team_membership.team_membership.5": {
                    "type": "github_team_membership",
                    "depends_on": [],
                    "primary": {
                        "id": "2826123:vixus0",
                        "attributes": {
                            "etag": "W/\"e5152b3d093aea3ad1eca1ae0579bbdc\"",
                            "id": "2826123:vixus0",
                            "role": "maintainer",
                            "team_id": "2826123",
                            "username": "vixus0"
                        },
                        "meta": {},
                        "tainted": false
                    },
                    "deposed": [],
                    "provider": "provider.github"
                },
                "github_team_membership.team_membership.6": {
                    "type": "github_team_membership",
                    "depends_on": [],
                    "primary": {
                        "id": "2826125:vixus0",
                        "attributes": {
                            "etag": "W/\"e33ce43490ed4508e2b1cc246bc9a27a\"",
                            "id": "2826125:vixus0",
                            "role": "maintainer",
                            "team_id": "2826125",
                            "username": "vixus0"
                        },
                        "meta": {},
                        "tainted": false
                    },
                    "deposed": [],
                    "provider": "provider.github"
                },
                "github_team_membership.team_membership.7": {
                    "type": "github_team_membership",
                    "depends_on": [],
                    "primary": {
                        "id": "2915520:vixus0",
                        "attributes": {
                            "etag": "W/\"a8753262af6b2b7b9fecbad51ba163ee\"",
                            "id": "2915520:vixus0",
                            "role": "maintainer",
                            "team_id": "2915520",
                            "username": "vixus0"
                        },
                        "meta": {},
                        "tainted": false
                    },
                    "deposed": [],
                    "provider": "provider.github"
                },
                "github_team_membership.team_membership.8": {
                    "type": "github_team_membership",
                    "depends_on": [],
                    "primary": {
                        "id": "2826124:vixus0",
                        "attributes": {
                            "etag": "W/\"6cf1d23c2d5a62182de63fe9fcc74fe8\"",
                            "id": "2826124:vixus0",
                            "role": "maintainer",
                            "team_id": "2826124",
                            "username": "vixus0"
                        },
                        "meta": {},
                        "tainted": false
                    },
                    "deposed": [],
                    "provider": "provider.github"
                },
                "github_team_membership.team_membership.9": {
                    "type": "github_team_membership",
                    "depends_on": [],
                    "primary": {
                        "id": "2915524:vixus0",
                        "attributes": {
                            "etag": "W/\"6b376b7e5b078aee27d1ba42ebb90660\"",
                            "id": "2915524:vixus0",
                            "role": "maintainer",
                            "team_id": "2915524",
                            "username": "vixus0"
                        },
                        "meta": {},
                        "tainted": false
                    },
                    "deposed": [],
                    "provider": "provider.github"
                }
            },
            "depends_on": []
        },
        {
            "path": [
                "root",
                "user_zilnhoj"
            ],
            "outputs": {},
            "resources": {
                "data.github_user.user": {
                    "type": "github_user",
                    "depends_on": [],
                    "primary": {
                        "id": "1894097",
                        "attributes": {
                            "avatar_url": "https://avatars2.githubusercontent.com/u/1894097?v=4",
                            "bio": "",
                            "blog": "",
                            "company": "",
                            "email": "",
                            "followers": "0",
                            "following": "3",
                            "gpg_keys.#": "0",
                            "gravatar_id": "",
                            "id": "1894097",
                            "location": "",
                            "login": "zilnhoj",
                            "name": "",
                            "public_gists": "3",
                            "public_repos": "19",
                            "site_admin": "false",
                            "ssh_keys.#": "1",
                            "ssh_keys.0": "ssh-rsa AAAAB3NzaC1yc2EAAAADAQABAAACAQDQUZi8k/RCYY5kyzWPDyQL/H1DxrVz/AwGVqw4UHGfiZzSLF8pi4tI2sKSAbI0/6sGOeK+zQfQI1DJkHI4CVi4wHC+Rk4qnON9LFOjkq1ZDL4fa20SY4aEdPe3GyjqleInWuLu2+T1W+yReh3YoQYE164ou9jRwa+h2AqRUGL521TyoLXCBKYtABfN0biRFS6EQBmRiYNraeELT486vASKnWDdhEYq4norwkuUz6h9p5SdxqHMdvMY/aGHOoAi+Y2HO3KYbN5HLjQ8zP3/+5IPwp3RSpFa9s8rWYui1F+AthyqU24KCm2C2DugOiYSx83aaspacE/VcFAisMEH+LqiSyIN81lHYX60TJ/54Z+wagc9/HB54VkcuvNSACdl8vflWSEDE84LU0iI2YMjqDV1hJ7YT/KX5Sk1575wtjidW2aWlp7SXkf/j1idYMPr00YyVD9tyce6PbXPGDDv7JUnLG1m2gu5W2D6kPI+Cl79HCj/0KuhN1vqEs9lxUF5t308XZKyarjbTmZlr5U3Rh2TGINdhi6TztLuyM3KoUIMA1XBqEIpI/u+gw1jTFDonayU7ZpkerAeQUHyW/zn3a3OBDBRlP56TMCoBNgPRagZLSoYg3+5F8SV7S+WdYmz59eHXaBTgSAmsgndDEH2UR7zAlfnZOq1SAKj0k9jw6bYQQ==",
                            "username": "zilnhoj"
                        },
                        "meta": {},
                        "tainted": false
                    },
                    "deposed": [],
                    "provider": "provider.github"
                },
                "github_membership.org_membership": {
                    "type": "github_membership",
                    "depends_on": [],
                    "primary": {
                        "id": "alphagov:zilnhoj",
                        "attributes": {
                            "etag": "W/\"c43a1a23bce0f5a439cbb8b2f281a15a\"",
                            "id": "alphagov:zilnhoj",
                            "role": "member",
                            "username": "zilnhoj"
                        },
                        "meta": {},
                        "tainted": false
                    },
                    "deposed": [],
                    "provider": "provider.github"
                },
                "github_team_membership.team_membership": {
                    "type": "github_team_membership",
                    "depends_on": [],
                    "primary": {
                        "id": "2826124:zilnhoj",
                        "attributes": {
                            "etag": "W/\"1d1e194dc257c6d81715dc59a9880d63\"",
                            "id": "2826124:zilnhoj",
                            "role": "member",
                            "team_id": "2826124",
                            "username": "zilnhoj"
                        },
                        "meta": {},
                        "tainted": false
                    },
                    "deposed": [],
                    "provider": "provider.github"
                }
            },
            "depends_on": []
        }
    ]
}
