{
    "version": 3,
    "terraform_version": "0.11.7",
    "serial": 4,
    "lineage": "cb48bf26-5f8d-7045-249c-364adb0bf498",
    "modules": [
        {
            "path": [
                "root"
            ],
            "outputs": {},
            "resources": {
                "github_team.verify_test_team": {
                    "type": "github_team",
                    "depends_on": [],
                    "primary": {
                        "id": "2796919",
                        "attributes": {
                            "description": "Testing Verify terraform",
                            "id": "2796919",
                            "ldap_dn": "",
                            "name": "team-verify-terraform-test",
                            "privacy": "secret"
                        },
                        "meta": {},
                        "tainted": false
                    },
                    "deposed": [],
                    "provider": "provider.github"
                }
            },
            "depends_on": []
        },
        {
            "path": [
                "root",
                "user_andypaine"
            ],
            "outputs": {},
            "resources": {
                "data.github_team.teams": {
                    "type": "github_team",
                    "depends_on": [],
                    "primary": {
                        "id": "2796919",
                        "attributes": {
                            "description": "Testing Verify terraform",
                            "id": "2796919",
                            "members.#": "0",
                            "name": "team-verify-terraform-test",
                            "permission": "pull",
                            "privacy": "secret",
                            "slug": "team-verify-terraform-test"
                        },
                        "meta": {},
                        "tainted": false
                    },
                    "deposed": [],
                    "provider": "provider.github"
                },
                "data.github_user.user": {
                    "type": "github_user",
                    "depends_on": [],
                    "primary": {
                        "id": "14118619",
                        "attributes": {
                            "avatar_url": "https://avatars3.githubusercontent.com/u/14118619?v=4",
                            "bio": "",
                            "blog": "",
                            "company": "",
                            "email": "andy.paine.github@gmail.com",
                            "followers": "1",
                            "following": "0",
                            "gpg_keys.#": "0",
                            "gravatar_id": "",
                            "id": "14118619",
                            "location": "",
                            "login": "andy-paine",
                            "name": "Andy Paine",
                            "public_gists": "0",
                            "public_repos": "14",
                            "site_admin": "false",
                            "ssh_keys.#": "2",
                            "ssh_keys.0": "ssh-rsa AAAAB3NzaC1yc2EAAAADAQABAAABAQCzidcihWRUIgyFEqYpb062gCB+hqXyI7XYoDVn4oSaaY+moJQEKDXOjUN0O4o4+Zv45+0aDNSn0e1QGipFkV7seKxufIeztqjFV2iVdeedQoJfAKK8Mfcir3nt3vKnx0WGYFdYbuD13TZEx2fgcfR+OqBTx6fRwq5thhGhgl5kYIgOXmIfoj5GDWiv2CIb2vc+ympUQBUCUVnAQNZcMkq2IRdYW+J96E0hXqBWEGR8Fu2w0/+nyfe+0HUMJOba/JxaQ/0Zq5agxUTLtAL0NkvU3eVev5FXMh7+qGNNiFw3NP45+vk9JLREHcZcA+X+pgsucL19wkWdhW5+WaXv219v",
                            "ssh_keys.1": "ssh-rsa AAAAB3NzaC1yc2EAAAADAQABAAACAQC2AXG9PeZMkKVhehcL64HzGfjlOUovVEObaSPAGm8ZFGSe1Pcge8N1wS+eTQBlMU1c+mnuPs6oXkgJORYi0MBsRnXEDMvRkQQ0hiajrbiYKvLPhvjkoYTFClDVEhZlV+LFaMbXL/IqGTax7PhE3K0gIxbZMh2CfzbbDAXDDO/qIvRh8boDi5zEnYM2oJ+iKU+X8sPd4Wafyh9iQ6n2URYr8TBM/lYWKrhqfo0u2FuBVyMNQHXGILSXemdKmubZjuclG28izMBESPWjndWdodNUHlUX+9Sp144/psvzSw9gLBwzeTqFDAJ7JokNtaRvSDVO0RB8tZwIMB4SIYLBNbOPwgskE86xyfs13AFXo5HAdYfQRYyN6LMrJ3+KYzHj/Nt0qywV5AtP29BQERgqL8ZwyeE4mkKsVv1kmtTe8yIRfB5eMIGCb6G9xvKf+bZYqLOIfJIRT+ulRxOaI8fQnPtvAQgZj/BoDBNwoJNf95glmJ2DJT/IRCiwjA2pAy6HAKh4p/NViJNdcTwRaTsTaxq/OjmYMk28JVL6QPXtuObP94WEdH5r/K9z2DJrgbGcvPdlpkH5XL2unYhSmSm6m94sRRC+Byvx+hR9h7dmON80BCbGXztwAwjQ5Qe8iTnGBZcw7datmx1ccjDJBVefk9ITCpAFTK4zCk73f3bViQkzaw==",
                            "username": "andy-paine"
                        },
                        "meta": {},
                        "tainted": false
                    },
                    "deposed": [],
                    "provider": "provider.github"
                },
                "github_membership.org_membership": {
                    "type": "github_membership",
                    "depends_on": [],
                    "primary": {
                        "id": "alphagov:andy-paine",
                        "attributes": {
                            "id": "alphagov:andy-paine",
                            "role": "member",
                            "username": "andy-paine"
                        },
                        "meta": {},
                        "tainted": false
                    },
                    "deposed": [],
                    "provider": "provider.github"
                },
                "github_team_membership.team_membership": {
                    "type": "github_team_membership",
                    "depends_on": [
                        "data.github_team.teams.*"
                    ],
                    "primary": {
                        "id": "2796919:andy-paine",
                        "attributes": {
                            "id": "2796919:andy-paine",
                            "role": "member",
                            "team_id": "2796919",
                            "username": "andy-paine"
                        },
                        "meta": {},
                        "tainted": false
                    },
                    "deposed": [],
                    "provider": "provider.github"
                }
            },
            "depends_on": []
        },
        {
            "path": [
                "root",
                "user_anshulsirur"
            ],
            "outputs": {},
            "resources": {
                "data.github_team.teams": {
                    "type": "github_team",
                    "depends_on": [],
                    "primary": {
                        "id": "2796919",
                        "attributes": {
                            "description": "Testing Verify terraform",
                            "id": "2796919",
                            "members.#": "0",
                            "name": "team-verify-terraform-test",
                            "permission": "pull",
                            "privacy": "secret",
                            "slug": "team-verify-terraform-test"
                        },
                        "meta": {},
                        "tainted": false
                    },
                    "deposed": [],
                    "provider": "provider.github"
                },
                "data.github_user.user": {
                    "type": "github_user",
                    "depends_on": [],
                    "primary": {
                        "id": "2650888",
                        "attributes": {
                            "avatar_url": "https://avatars1.githubusercontent.com/u/2650888?v=4",
                            "bio": "",
                            "blog": "",
                            "company": "",
                            "email": "",
                            "followers": "6",
                            "following": "3",
                            "gpg_keys.#": "0",
                            "gravatar_id": "",
                            "id": "2650888",
                            "location": "UK",
                            "login": "vixus0",
                            "name": "Anshul Sirur",
                            "public_gists": "5",
                            "public_repos": "39",
                            "site_admin": "false",
                            "ssh_keys.#": "5",
                            "ssh_keys.0": "ssh-rsa AAAAB3NzaC1yc2EAAAADAQABAAABAQCxpNurqxJPlwzKiZ/MCsCgqjLMIWA1HHw1Wws6nqG9+OjiC5BtIUytuxAhFLfJdX75zUDNV25RmHmHFP/QmkX/o/zPX0Y3wAZxwkdrc/WJdviha+6dO57mowxhhZ1HUTMQjIW3ieVsYTi8ABbGQz4xc/08XkPYHSuXLgur44wvUSMkE0Rzvf/iJUf09KgKW/B0ICg0laAjKBcwIBt9TXIf2EQm3B0tN1eNBTWjq+k/W7ZALQpq+r0GqVE6Kk9Im8iLJ729jAIorY0rGMv7zx6c1PsTygtjr0hIHMDf4/2h1YICtUqih6rjGlKlO9D1sDeN2nXxGKsjpwb71G58ED3D",
                            "ssh_keys.1": "ssh-rsa AAAAB3NzaC1yc2EAAAADAQABAAACAQC7wvEhheQmuYPrp99bD7Ra5C7jRjwmmmkD9hO/R/HA5MAeea8sTXEJDtqTr8m7TF2Yu9yq1BRprKG3v/oIsB1faIKDfRhsdCWOXR2GmxIodyoizE7BsmxWXRzv1Yo5zGFZiQEvwJOMaOiHLUyiujR8aO1S5dRsWuRQQKol8WqytM5vinLWzt3Cmoii/Q6c+bOhEyMzwzJKXgWUwmnbljL3aWgjdsRy+PUofUhwA3wb3U0IUfVHzmBvH50wbLg9nVGL9v2f5+lQ0m1nIIEp2LcxLBopMaGTkFq4ShxbX+awQYXuxqnH51LBtycM1kb1VK0WWrPSnH0yoJDgqhreFUXV4ptM4tiiyPqzZy9cjNkKn2u5YHUs3h7ZG8Gjdcj/PPnhoM5KalYQM1jMEfuwOjUYnvrxooy8WcIt0jGUwp8gHiCyDpWrrNYzADWaR2u5QR0yG+1aYsGpYeBgq0nt3lxSi2FvWjlrSMJOdII3osqG0bgT+6T8IwiWki9ESlrGTJZO/PjwL4KjdF9+CAYaPCrzbeVvX1oKrhtv8yZX6nYiYsqVKVOJo3tCe2nnOKaG+uWkb6WB9wRxl399r031XHOHgYk8xKuf4pZhRQiVp3SwEqWSzd/LV22RX3EblW6dZtScOxUjfcVd/UvslLCLkJOK4zy/orOod5j4E7/tDP5TrQ==",
                            "ssh_keys.2": "ssh-rsa AAAAB3NzaC1yc2EAAAADAQABAAACAQC5xbODwIYM8hMT74n4/4pXr4n34nczhwD2OSXOgkuSMSjUDgUDDFDsEZ5tXZNWHE2SREO52KqD0E1Czgo4YiBvscZ4FnAMg2hjXj9EbyjxyNDBdipmjw/fWeQ9iVLpzIjzVCFhdtKJsw0qvVhh44pqm7fMbpaSvhsLMoWX7xjG3fRXWmJKFPmO+nbpi/OVnxT2LSu7BlUj0pzNsvsTJ42keiVepS3XZhcHM7+H8wItjr7vPYEDfJh5eDPIZ7GHVmDI3PZbCYhvsT8tm8FPb7F3HnK3BXVJPw4opj/NH0Iums41YshFgsk0aw6wfW2+juOamV99oojLzbgN9PvZgkh4AaJ3jFzFbEbNGe4NCXlvkNBaaeTF8FAhUgU6Ll7D/eVVScDxXrqTA6uc90G1w/HCscEiqiSrE87KgV9wT+NmmJWCISmX0s7YtwshpMEkY6RxFy1wP08oxk6WQKhJpJ1zBcblvLtW+W1skVYkrleoa5sQ+a0n1eePsOfEZwOwI4mPeyn1CRZj3uYLPQDNbsk/cWdJ6OisWBIMLUYiWf5FGKUjzv3LeSwvreQ62LKvpVrP03EKIgN851LWJAByDB9ClAH03/Lpu/0fuQLJBunG6ubDOx5P6pLAZsvt3Vgu23RRGroS57/sMVhEBYElN2Pj67eJCBJgnNBye5G+QWWhwQ==",
                            "ssh_keys.3": "ssh-rsa AAAAB3NzaC1yc2EAAAADAQABAAABAQCpsOyKKY5jcpPsowb9Mai6ua/bcFZ/hOQxSdEo0r2M6QRvEozkN0HfbtKwuizk3OE8SpXodQYd5/y5+caBToNqaOAp4cpV43R2glLKzgbBNCsJ1HhpU4qD37CVM/uf+law/UjtGoid8056074+UoLUU7fHeWWFR7ZjO6F96d7lkM526FrZXZsg7GzMxVD4AqFMfLcfkmzrWJhzcXXXL8xljrhgwpfnjdTzRPpW17VHT1YD2ZTsivyK4lTJGjVbBvU3887Ad0RBLTyogxwkh/9dnWCLQJliLT1gUIn4Nf99fyqLy3OqFkpGyaGxgOlTjcE+JtGcMhCsZMlMGFUCHfXT",
                            "ssh_keys.4": "ssh-rsa AAAAB3NzaC1yc2EAAAADAQABAAABAQCmEh/f9K+ao7czSsLOxD2fnUZa3YbtmCNm+KrUnz5eh+mU2RlXb+CdGI/mcn9AHx06F1ViEzuogP7GTeJsxniHR7l38b+P4Q0jYbtmLn4/Br285O20s35Vj8UAyD82DU0UslHtkxwuizincZmEJy6Ow3KC5aAK0YNV6nnb6mndOyYPC5oB0A6XyVnbIQgg9TsOGzLkbwQGy4p+GCOUCBvVb3HlkQSBFQrUuE2ZbTlx6hjttzgIj+pYG/sQnaROMXd3wwOnXer2DrXxqU7NGhCdXjUR3Z/pU3f6j/exTvEULi/MrMLaY4nDBUbjEFIxpkYTdKuHO0lYTsUX5lMh5Alf",
                            "username": "vixus0"
                        },
                        "meta": {},
                        "tainted": false
                    },
                    "deposed": [],
                    "provider": "provider.github"
                },
                "github_membership.org_membership": {
                    "type": "github_membership",
                    "depends_on": [],
                    "primary": {
                        "id": "alphagov:vixus0",
                        "attributes": {
                            "id": "alphagov:vixus0",
                            "role": "admin",
                            "username": "vixus0"
                        },
                        "meta": {},
                        "tainted": false
                    },
                    "deposed": [],
                    "provider": "provider.github"
                },
                "github_team_membership.team_membership": {
                    "type": "github_team_membership",
                    "depends_on": [
                        "data.github_team.teams.*"
                    ],
                    "primary": {
                        "id": "2796919:vixus0",
                        "attributes": {
                            "id": "2796919:vixus0",
                            "role": "maintainer",
                            "team_id": "2796919",
                            "username": "vixus0"
                        },
                        "meta": {},
                        "tainted": false
                    },
                    "deposed": [],
                    "provider": "provider.github"
                }
            },
            "depends_on": []
        },
        {
            "path": [
                "root",
                "verify_test_repo"
            ],
            "outputs": {},
            "resources": {
                "data.github_user.master_users": {
                    "type": "github_user",
                    "depends_on": [],
                    "primary": {
                        "id": "2650888",
                        "attributes": {
                            "avatar_url": "https://avatars1.githubusercontent.com/u/2650888?v=4",
                            "bio": "",
                            "blog": "",
                            "company": "",
                            "email": "",
                            "followers": "6",
                            "following": "3",
                            "gpg_keys.#": "0",
                            "gravatar_id": "",
                            "id": "2650888",
                            "location": "UK",
                            "login": "vixus0",
                            "name": "Anshul Sirur",
                            "public_gists": "5",
                            "public_repos": "39",
                            "site_admin": "false",
                            "ssh_keys.#": "5",
                            "ssh_keys.0": "ssh-rsa AAAAB3NzaC1yc2EAAAADAQABAAABAQCxpNurqxJPlwzKiZ/MCsCgqjLMIWA1HHw1Wws6nqG9+OjiC5BtIUytuxAhFLfJdX75zUDNV25RmHmHFP/QmkX/o/zPX0Y3wAZxwkdrc/WJdviha+6dO57mowxhhZ1HUTMQjIW3ieVsYTi8ABbGQz4xc/08XkPYHSuXLgur44wvUSMkE0Rzvf/iJUf09KgKW/B0ICg0laAjKBcwIBt9TXIf2EQm3B0tN1eNBTWjq+k/W7ZALQpq+r0GqVE6Kk9Im8iLJ729jAIorY0rGMv7zx6c1PsTygtjr0hIHMDf4/2h1YICtUqih6rjGlKlO9D1sDeN2nXxGKsjpwb71G58ED3D",
                            "ssh_keys.1": "ssh-rsa AAAAB3NzaC1yc2EAAAADAQABAAACAQC7wvEhheQmuYPrp99bD7Ra5C7jRjwmmmkD9hO/R/HA5MAeea8sTXEJDtqTr8m7TF2Yu9yq1BRprKG3v/oIsB1faIKDfRhsdCWOXR2GmxIodyoizE7BsmxWXRzv1Yo5zGFZiQEvwJOMaOiHLUyiujR8aO1S5dRsWuRQQKol8WqytM5vinLWzt3Cmoii/Q6c+bOhEyMzwzJKXgWUwmnbljL3aWgjdsRy+PUofUhwA3wb3U0IUfVHzmBvH50wbLg9nVGL9v2f5+lQ0m1nIIEp2LcxLBopMaGTkFq4ShxbX+awQYXuxqnH51LBtycM1kb1VK0WWrPSnH0yoJDgqhreFUXV4ptM4tiiyPqzZy9cjNkKn2u5YHUs3h7ZG8Gjdcj/PPnhoM5KalYQM1jMEfuwOjUYnvrxooy8WcIt0jGUwp8gHiCyDpWrrNYzADWaR2u5QR0yG+1aYsGpYeBgq0nt3lxSi2FvWjlrSMJOdII3osqG0bgT+6T8IwiWki9ESlrGTJZO/PjwL4KjdF9+CAYaPCrzbeVvX1oKrhtv8yZX6nYiYsqVKVOJo3tCe2nnOKaG+uWkb6WB9wRxl399r031XHOHgYk8xKuf4pZhRQiVp3SwEqWSzd/LV22RX3EblW6dZtScOxUjfcVd/UvslLCLkJOK4zy/orOod5j4E7/tDP5TrQ==",
                            "ssh_keys.2": "ssh-rsa AAAAB3NzaC1yc2EAAAADAQABAAACAQC5xbODwIYM8hMT74n4/4pXr4n34nczhwD2OSXOgkuSMSjUDgUDDFDsEZ5tXZNWHE2SREO52KqD0E1Czgo4YiBvscZ4FnAMg2hjXj9EbyjxyNDBdipmjw/fWeQ9iVLpzIjzVCFhdtKJsw0qvVhh44pqm7fMbpaSvhsLMoWX7xjG3fRXWmJKFPmO+nbpi/OVnxT2LSu7BlUj0pzNsvsTJ42keiVepS3XZhcHM7+H8wItjr7vPYEDfJh5eDPIZ7GHVmDI3PZbCYhvsT8tm8FPb7F3HnK3BXVJPw4opj/NH0Iums41YshFgsk0aw6wfW2+juOamV99oojLzbgN9PvZgkh4AaJ3jFzFbEbNGe4NCXlvkNBaaeTF8FAhUgU6Ll7D/eVVScDxXrqTA6uc90G1w/HCscEiqiSrE87KgV9wT+NmmJWCISmX0s7YtwshpMEkY6RxFy1wP08oxk6WQKhJpJ1zBcblvLtW+W1skVYkrleoa5sQ+a0n1eePsOfEZwOwI4mPeyn1CRZj3uYLPQDNbsk/cWdJ6OisWBIMLUYiWf5FGKUjzv3LeSwvreQ62LKvpVrP03EKIgN851LWJAByDB9ClAH03/Lpu/0fuQLJBunG6ubDOx5P6pLAZsvt3Vgu23RRGroS57/sMVhEBYElN2Pj67eJCBJgnNBye5G+QWWhwQ==",
                            "ssh_keys.3": "ssh-rsa AAAAB3NzaC1yc2EAAAADAQABAAABAQCpsOyKKY5jcpPsowb9Mai6ua/bcFZ/hOQxSdEo0r2M6QRvEozkN0HfbtKwuizk3OE8SpXodQYd5/y5+caBToNqaOAp4cpV43R2glLKzgbBNCsJ1HhpU4qD37CVM/uf+law/UjtGoid8056074+UoLUU7fHeWWFR7ZjO6F96d7lkM526FrZXZsg7GzMxVD4AqFMfLcfkmzrWJhzcXXXL8xljrhgwpfnjdTzRPpW17VHT1YD2ZTsivyK4lTJGjVbBvU3887Ad0RBLTyogxwkh/9dnWCLQJliLT1gUIn4Nf99fyqLy3OqFkpGyaGxgOlTjcE+JtGcMhCsZMlMGFUCHfXT",
                            "ssh_keys.4": "ssh-rsa AAAAB3NzaC1yc2EAAAADAQABAAABAQCmEh/f9K+ao7czSsLOxD2fnUZa3YbtmCNm+KrUnz5eh+mU2RlXb+CdGI/mcn9AHx06F1ViEzuogP7GTeJsxniHR7l38b+P4Q0jYbtmLn4/Br285O20s35Vj8UAyD82DU0UslHtkxwuizincZmEJy6Ow3KC5aAK0YNV6nnb6mndOyYPC5oB0A6XyVnbIQgg9TsOGzLkbwQGy4p+GCOUCBvVb3HlkQSBFQrUuE2ZbTlx6hjttzgIj+pYG/sQnaROMXd3wwOnXer2DrXxqU7NGhCdXjUR3Z/pU3f6j/exTvEULi/MrMLaY4nDBUbjEFIxpkYTdKuHO0lYTsUX5lMh5Alf",
                            "username": "vixus0"
                        },
                        "meta": {},
                        "tainted": false
                    },
                    "deposed": [],
                    "provider": "provider.github"
                },
                "github_branch_protection.repo_protect_master": {
                    "type": "github_branch_protection",
                    "depends_on": [
                        "github_repository.repo"
                    ],
                    "primary": {
                        "id": "verify-test-repo:master",
                        "attributes": {
                            "branch": "master",
                            "enforce_admins": "false",
                            "id": "verify-test-repo:master",
                            "repository": "verify-test-repo",
                            "required_pull_request_reviews.#": "1",
                            "required_pull_request_reviews.0.dismiss_stale_reviews": "true",
                            "required_pull_request_reviews.0.dismissal_teams.#": "0",
                            "required_pull_request_reviews.0.dismissal_users.#": "0",
                            "required_pull_request_reviews.0.include_admins": "false",
                            "required_pull_request_reviews.0.require_code_owner_reviews": "true",
                            "required_status_checks.#": "0",
                            "restrictions.#": "1",
                            "restrictions.0.teams.#": "0",
                            "restrictions.0.users.#": "1",
                            "restrictions.0.users.2425788035": "vixus0"
                        },
                        "meta": {},
                        "tainted": false
                    },
                    "deposed": [],
                    "provider": "provider.github"
                },
                "github_repository.repo": {
                    "type": "github_repository",
                    "depends_on": [],
                    "primary": {
                        "id": "verify-test-repo",
                        "attributes": {
                            "allow_merge_commit": "true",
                            "allow_rebase_merge": "false",
                            "allow_squash_merge": "false",
                            "archived": "false",
                            "auto_init": "true",
                            "default_branch": "master",
                            "description": "Test repo",
                            "full_name": "alphagov/verify-test-repo",
                            "git_clone_url": "git://github.com/alphagov/verify-test-repo.git",
                            "has_downloads": "false",
                            "has_issues": "false",
                            "has_wiki": "false",
                            "homepage_url": "",
                            "html_url": "https://github.com/alphagov/verify-test-repo",
                            "http_clone_url": "https://github.com/alphagov/verify-test-repo.git",
                            "id": "verify-test-repo",
                            "license_template": "mit",
                            "name": "verify-test-repo",
                            "private": "false",
                            "ssh_clone_url": "git@github.com:alphagov/verify-test-repo.git",
                            "svn_url": "https://github.com/alphagov/verify-test-repo"
                        },
                        "meta": {},
                        "tainted": false
                    },
                    "deposed": [],
                    "provider": "provider.github"
                },
                "github_team_repository.repo_team_push": {
                    "type": "github_team_repository",
                    "depends_on": [
                        "github_repository.repo"
                    ],
                    "primary": {
                        "id": "2796919:verify-test-repo",
                        "attributes": {
                            "id": "2796919:verify-test-repo",
                            "permission": "push",
                            "repository": "verify-test-repo",
                            "team_id": "2796919"
                        },
                        "meta": {},
                        "tainted": false
                    },
                    "deposed": [],
                    "provider": "provider.github"
                }
            },
            "depends_on": []
        }
    ]
}
